{
  "version": 4,
  "terraform_version": "1.10.0",
  "serial": 31,
  "lineage": "babed25a-3fc6-fb5e-27d1-3d86c30c5599",
  "outputs": {},
  "resources": [
    {
      "mode": "managed",
      "type": "mist_org",
      "name": "org_one",
      "provider": "provider[\"registry.terraform.io/juniper/mist\"]",
      "instances": [
        {
          "schema_version": 0,
          "attributes": {
            "alarmtemplate_id": null,
            "allow_mist": true,
            "id": "e2e8566f-099c-4866-a44d-5c535656201a",
            "msp_id": null,
            "msp_logo_url": null,
            "msp_name": null,
            "name": "My Provider Organization",
            "orggroup_ids": [],
            "session_expiry": 1440
          },
          "sensitive_attributes": []
        }
      ]
    },
    {
      "mode": "managed",
      "type": "mist_org_networktemplate",
      "name": "networktemplate_one",
      "provider": "provider[\"registry.terraform.io/juniper/mist\"]",
      "instances": [
        {
          "schema_version": 0,
          "attributes": {
            "acl_policies": null,
            "acl_tags": null,
            "additional_config_cmds": null,
            "dhcp_snooping": null,
            "dns_servers": null,
            "dns_suffix": null,
            "extra_routes": null,
            "extra_routes6": null,
            "id": "5d176886-ff53-4f76-9dd3-49b5e78bba58",
            "mist_nac": null,
            "name": "MyProviderNetworkTemplate",
            "networks": {
              "guest_vlan": {
                "gateway": null,
                "gateway6": null,
                "isolation": false,
                "isolation_vlan_id": null,
                "subnet": null,
                "subnet6": null,
                "vlan_id": "10"
              },
              "user_vlan": {
                "gateway": null,
                "gateway6": null,
                "isolation": false,
                "isolation_vlan_id": null,
                "subnet": null,
                "subnet6": null,
                "vlan_id": "11"
              }
            },
            "ntp_servers": null,
            "org_id": "e2e8566f-099c-4866-a44d-5c535656201a",
            "ospf_areas": null,
            "port_mirroring": null,
            "port_usages": {
              "guest": {
                "all_networks": false,
                "allow_dhcpd": null,
                "allow_multiple_supplicants": false,
                "bypass_auth_when_server_down": false,
                "bypass_auth_when_server_down_for_unkonwn_client": false,
                "description": null,
                "disable_autoneg": false,
                "disabled": false,
                "duplex": "auto",
                "dynamic_vlan_networks": [],
                "enable_mac_auth": false,
                "enable_qos": false,
                "guest_network": null,
                "inter_switch_link": false,
                "mac_auth_only": null,
                "mac_auth_preferred": null,
                "mac_auth_protocol": "eap-md5",
                "mac_limit": 0,
                "mode": "access",
                "mtu": null,
                "networks": [],
                "persist_mac": false,
                "poe_disabled": false,
                "port_auth": null,
                "port_network": "guest_vlan",
                "reauth_interval": 3600,
                "reset_default_when": "link_down",
                "rules": null,
                "server_fail_network": null,
                "server_reject_network": null,
                "speed": "auto",
                "storm_control": null,
                "stp_edge": false,
                "stp_no_root_port": false,
                "stp_p2p": false,
                "ui_evpntopo_id": null,
                "use_vstp": false,
                "voip_network": null
              },
              "trunk": {
                "all_networks": true,
                "allow_dhcpd": null,
                "allow_multiple_supplicants": false,
                "bypass_auth_when_server_down": false,
                "bypass_auth_when_server_down_for_unkonwn_client": false,
                "description": null,
                "disable_autoneg": false,
                "disabled": false,
                "duplex": "auto",
                "dynamic_vlan_networks": [],
                "enable_mac_auth": false,
                "enable_qos": true,
                "guest_network": null,
                "inter_switch_link": false,
                "mac_auth_only": null,
                "mac_auth_preferred": null,
                "mac_auth_protocol": "eap-md5",
                "mac_limit": 0,
                "mode": "trunk",
                "mtu": null,
                "networks": [],
                "persist_mac": false,
                "poe_disabled": false,
                "port_auth": null,
                "port_network": "guest_vlan",
                "reauth_interval": 3600,
                "reset_default_when": "link_down",
                "rules": null,
                "server_fail_network": null,
                "server_reject_network": null,
                "speed": "auto",
                "storm_control": null,
                "stp_edge": false,
                "stp_no_root_port": false,
                "stp_p2p": false,
                "ui_evpntopo_id": null,
                "use_vstp": false,
                "voip_network": null
              },
              "user": {
                "all_networks": false,
                "allow_dhcpd": null,
                "allow_multiple_supplicants": false,
                "bypass_auth_when_server_down": false,
                "bypass_auth_when_server_down_for_unkonwn_client": false,
                "description": null,
                "disable_autoneg": false,
                "disabled": false,
                "duplex": "auto",
                "dynamic_vlan_networks": [],
                "enable_mac_auth": false,
                "enable_qos": false,
                "guest_network": null,
                "inter_switch_link": false,
                "mac_auth_only": null,
                "mac_auth_preferred": null,
                "mac_auth_protocol": "eap-md5",
                "mac_limit": 0,
                "mode": "access",
                "mtu": null,
                "networks": [],
                "persist_mac": false,
                "poe_disabled": false,
                "port_auth": "dot1x",
                "port_network": null,
                "reauth_interval": 3600,
                "reset_default_when": "link_down",
                "rules": null,
                "server_fail_network": null,
                "server_reject_network": null,
                "speed": "auto",
                "storm_control": null,
                "stp_edge": false,
                "stp_no_root_port": false,
                "stp_p2p": false,
                "ui_evpntopo_id": null,
                "use_vstp": false,
                "voip_network": null
              }
            },
            "radius_config": {
              "acct_interim_interval": 0,
              "acct_servers": [
                {
                  "host": "1.2.3.4",
                  "keywrap_enabled": null,
                  "keywrap_format": null,
                  "keywrap_kek": null,
                  "keywrap_mack": null,
                  "port": 1813,
                  "secret": "secret"
                }
              ],
              "auth_servers": [
                {
                  "host": "1.2.3.4",
                  "keywrap_enabled": null,
                  "keywrap_format": null,
                  "keywrap_kek": null,
                  "keywrap_mack": null,
                  "port": 1812,
                  "require_message_authenticator": false,
                  "secret": "secret"
                }
              ],
              "auth_servers_retries": 3,
              "auth_servers_timeout": 5,
              "network": null,
              "source_ip": null
            },
            "remote_syslog": null,
            "remove_existing_configs": false,
            "snmp_config": null,
            "switch_matching": {
              "enable": true,
              "rules": [
                {
                  "additional_config_cmds": [],
                  "ip_config": null,
                  "match_model": "",
                  "match_name": "abc",
                  "match_name_offset": 0,
                  "match_role": null,
                  "match_type": "match_name[0:3]",
                  "match_value": "abc",
                  "name": "switch_rule_one",
                  "oob_ip_config": null,
                  "port_config": {
                    "ge-0/0/0-10": {
                      "ae_disable_lacp": null,
                      "ae_idx": null,
                      "ae_lacp_slow": null,
                      "aggregated": false,
                      "critical": null,
                      "description": null,
                      "disable_autoneg": false,
                      "duplex": "auto",
                      "dynamic_usage": null,
                      "esilag": null,
                      "mtu": 1514,
                      "no_local_overwrite": null,
                      "poe_disabled": false,
                      "speed": "auto",
                      "usage": "guest"
                    }
                  },
                  "port_mirroring": null
                }
              ]
            },
            "switch_mgmt": null,
            "vrf_config": null,
            "vrf_instances": null
          },
          "sensitive_attributes": [
            [
              {
                "type": "get_attr",
                "value": "radius_config"
              },
              {
                "type": "get_attr",
                "value": "acct_servers"
              },
              {
                "type": "index",
                "value": {
                  "value": 0,
                  "type": "number"
                }
              },
              {
                "type": "get_attr",
                "value": "secret"
              }
            ],
            [
              {
                "type": "get_attr",
                "value": "radius_config"
              },
              {
                "type": "get_attr",
                "value": "auth_servers"
              },
              {
                "type": "index",
                "value": {
                  "value": 0,
                  "type": "number"
                }
              },
              {
                "type": "get_attr",
                "value": "secret"
              }
            ]
          ],
          "dependencies": [
            "mist_org.org_one"
          ]
        }
      ]
    },
    {
      "mode": "managed",
      "type": "mist_org_sitegroup",
      "name": "sitegroup_one",
      "provider": "provider[\"registry.terraform.io/juniper/mist\"]",
      "instances": [
        {
          "schema_version": 0,
          "attributes": {
            "id": "01298c49-e81d-46fb-a5f3-ebd1a5ace2c9",
            "name": "My Provider Site Group",
            "org_id": "e2e8566f-099c-4866-a44d-5c535656201a"
          },
          "sensitive_attributes": [],
          "dependencies": [
            "mist_org.org_one"
          ]
        }
      ]
    },
    {
      "mode": "managed",
      "type": "mist_org_wlan",
      "name": "wlan_one",
      "provider": "provider[\"registry.terraform.io/juniper/mist\"]",
      "instances": [
        {
          "schema_version": 0,
          "attributes": {
            "acct_immediate_update": false,
            "acct_interim_interval": 0,
            "acct_servers": null,
            "airwatch": null,
            "allow_ipv6_ndp": true,
            "allow_mdns": false,
            "allow_ssdp": false,
            "ap_ids": [],
            "app_limit": null,
            "app_qos": null,
            "apply_to": null,
            "arp_filter": false,
            "auth": {
              "anticlog_threshold": 16,
              "eap_reauth": false,
              "enable_mac_auth": false,
              "key_idx": 1,
              "keys": [],
              "multi_psk_only": false,
              "owe": "disabled",
              "pairwise": [],
              "private_wlan": false,
              "psk": "secretpsk",
              "type": "psk",
              "wep_as_secondary_auth": false
            },
            "auth_server_selection": "ordered",
            "auth_servers": null,
            "auth_servers_nas_id": null,
            "auth_servers_nas_ip": null,
            "auth_servers_retries": 2,
            "auth_servers_timeout": 5,
            "band_steer": false,
            "band_steer_force_band5": false,
            "bands": null,
            "block_blacklist_clients": false,
            "bonjour": null,
            "cisco_cwa": null,
            "client_limit_down": null,
            "client_limit_down_enabled": false,
            "client_limit_up": null,
            "client_limit_up_enabled": false,
            "coa_servers": null,
            "disable_11ax": false,
            "disable_ht_vht_rates": false,
            "disable_uapsd": false,
            "disable_v1_roam_notify": false,
            "disable_v2_roam_notify": false,
            "disable_wmm": false,
            "dns_server_rewrite": null,
            "dtim": 2,
            "dynamic_psk": null,
            "dynamic_vlan": null,
            "enable_local_keycaching": false,
            "enable_wireless_bridging": false,
            "enable_wireless_bridging_dhcp_tracking": false,
            "enabled": true,
            "fast_dot1x_timers": false,
            "hide_ssid": false,
            "hostname_ie": false,
            "hotspot20": null,
            "id": "50b5b3bb-11f5-4eec-89fb-ed7b761d943b",
            "inject_dhcp_option_82": null,
            "interface": "all",
            "isolation": false,
            "l2_isolation": false,
            "legacy_overds": false,
            "limit_bcast": false,
            "limit_probe_response": false,
            "max_idletime": 1800,
            "max_num_clients": 0,
            "mist_nac": null,
            "msp_id": "",
            "mxtunnel_ids": [],
            "mxtunnel_name": [],
            "no_static_dns": false,
            "no_static_ip": false,
            "org_id": "e2e8566f-099c-4866-a44d-5c535656201a",
            "portal": null,
            "portal_allowed_hostnames": [],
            "portal_allowed_subnets": [],
            "portal_api_secret": null,
            "portal_denied_hostnames": [],
            "portal_image": "not_present",
            "portal_sso_url": null,
            "portal_template_url": null,
            "qos": null,
            "radsec": null,
            "rateset": null,
            "roam_mode": "NONE",
            "schedule": null,
            "sle_excluded": false,
            "ssid": "My Provider WLAN",
            "template_id": "a5d8648e-9952-4180-8ffe-1cb28c773fbf",
            "thumbnail": null,
            "use_eapol_v1": false,
            "vlan_enabled": false,
            "vlan_id": null,
            "vlan_ids": [],
            "vlan_pooling": false,
            "wlan_limit_down": 0,
            "wlan_limit_down_enabled": false,
            "wlan_limit_up": 0,
            "wlan_limit_up_enabled": false,
            "wxtag_ids": [],
            "wxtunnel_id": "",
            "wxtunnel_remote_id": ""
          },
          "sensitive_attributes": [
            [
              {
                "type": "get_attr",
                "value": "auth"
              },
              {
                "type": "get_attr",
                "value": "psk"
              }
            ]
          ],
          "dependencies": [
            "mist_org.org_one",
            "mist_org_sitegroup.sitegroup_one",
            "mist_org_wlantemplate.wlantempalte_one"
          ]
        }
      ]
    },
    {
      "mode": "managed",
      "type": "mist_org_wlantemplate",
      "name": "wlantempalte_one",
      "provider": "provider[\"registry.terraform.io/juniper/mist\"]",
      "instances": [
        {
          "schema_version": 0,
          "attributes": {
            "applies": {
              "org_id": null,
              "site_ids": [],
              "sitegroup_ids": [
                "01298c49-e81d-46fb-a5f3-ebd1a5ace2c9"
              ]
            },
            "deviceprofile_ids": [],
            "exceptions": null,
            "filter_by_deviceprofile": false,
            "id": "a5d8648e-9952-4180-8ffe-1cb28c773fbf",
            "name": "My Provider WLAN Template",
            "org_id": "e2e8566f-099c-4866-a44d-5c535656201a"
          },
          "sensitive_attributes": [],
          "dependencies": [
            "mist_org.org_one",
            "mist_org_sitegroup.sitegroup_one"
          ]
        }
      ]
    },
    {
      "mode": "managed",
      "type": "mist_site",
      "name": "site_one",
      "provider": "provider[\"registry.terraform.io/juniper/mist\"]",
      "instances": [
        {
          "schema_version": 0,
          "attributes": {
            "address": "41 rue de Villiers, 92100 Neully sur Seine, France",
            "alarmtemplate_id": null,
            "aptemplate_id": null,
            "country_code": "FR",
            "gatewaytemplate_id": null,
            "id": "e2cc354f-0da1-4941-bd73-329918983958",
            "latlng": null,
            "name": "Site One",
            "networktemplate_id": "5d176886-ff53-4f76-9dd3-49b5e78bba58",
            "notes": null,
            "org_id": "e2e8566f-099c-4866-a44d-5c535656201a",
            "rftemplate_id": null,
            "secpolicy_id": null,
            "sitegroup_ids": [
              "01298c49-e81d-46fb-a5f3-ebd1a5ace2c9"
            ],
            "sitetemplate_id": null,
            "timezone": "UTC"
          },
          "sensitive_attributes": [],
          "dependencies": [
            "mist_org.org_one",
            "mist_org_networktemplate.networktemplate_one",
            "mist_org_sitegroup.sitegroup_one"
          ]
        }
      ]
    }
  ],
  "check_results": null
}
