{
  "version": 4,
  "terraform_version": "1.9.5",
  "serial": 4734,
  "lineage": "20532229-881e-4371-f1fd-11d081e97e25",
  "outputs": {},
  "resources": [
    {
      "mode": "managed",
      "type": "mist_org",
      "name": "terraform_test",
      "provider": "provider[\"registry.terraform.io/juniper/mist\"]",
      "instances": [
        {
          "schema_version": 0,
          "attributes": {
            "alarmtemplate_id": null,
            "allow_mist": true,
            "id": "992bf4b9-c900-4850-9992-107b2f9df928",
            "msp_id": null,
            "msp_logo_url": null,
            "msp_name": null,
            "name": "Terraform Testing",
            "orggroup_ids": [],
            "session_expiry": 1440
          },
          "sensitive_attributes": []
        }
      ]
    },
    {
      "mode": "managed",
      "type": "mist_org_deviceprofile_gateway",
      "name": "hubp_one",
      "provider": "provider[\"registry.terraform.io/juniper/mist\"]",
      "instances": [
        {
          "schema_version": 0,
          "attributes": {
            "additional_config_cmds": null,
            "bgp_config": null,
            "created_time": null,
            "dhcpd_config": {
              "config": null,
              "enabled": false
            },
            "dns_override": false,
            "dns_servers": null,
            "dns_suffix": null,
            "extra_routes": null,
            "extra_routes6": null,
            "id": "d53575f0-253e-42cd-9674-5c0523fff3ca",
            "idp_profiles": null,
            "ip_configs": {
              "PRD-Core": {
                "ip": "10.3.100.9",
                "netmask": "/24",
                "secondary_ips": [],
                "type": "static"
              },
              "PRD-Lab": {
                "ip": "10.3.171.1",
                "netmask": "/24",
                "secondary_ips": [],
                "type": "static"
              },
              "PRD-Mgmt": {
                "ip": "10.3.172.1",
                "netmask": "/24",
                "secondary_ips": [],
                "type": "static"
              }
            },
            "modified_time": null,
            "name": "hubp_one2",
            "networks": null,
            "ntp_override": false,
            "ntp_servers": null,
            "oob_ip_config": null,
            "org_id": "992bf4b9-c900-4850-9992-107b2f9df928",
            "path_preferences": {
              "HUB": {
                "paths": [
                  {
                    "cost": null,
                    "disabled": null,
                    "gateway_ip": null,
                    "internet_access": null,
                    "name": "SSR_HUB_DC-MPLS.OrgOverlay",
                    "networks": [],
                    "target_ips": [],
                    "type": "vpn",
                    "wan_name": null
                  }
                ],
                "strategy": "ordered"
              },
              "HUB-ECMP": {
                "paths": [
                  {
                    "cost": 30,
                    "disabled": null,
                    "gateway_ip": null,
                    "internet_access": null,
                    "name": "SSR_HUB_DC-MPLS.OrgOverlay",
                    "networks": [],
                    "target_ips": [],
                    "type": "vpn",
                    "wan_name": "LTE"
                  },
                  {
                    "cost": 30,
                    "disabled": null,
                    "gateway_ip": null,
                    "internet_access": null,
                    "name": "SSR_HUB_DC-MPLS.OrgOverlay",
                    "networks": [],
                    "target_ips": [],
                    "type": "vpn",
                    "wan_name": "FTTH"
                  }
                ],
                "strategy": "weighted"
              },
              "HUB-ORDERED": {
                "paths": [
                  {
                    "cost": null,
                    "disabled": null,
                    "gateway_ip": null,
                    "internet_access": null,
                    "name": "SSR_HUB_DC-MPLS.OrgOverlay",
                    "networks": [],
                    "target_ips": [],
                    "type": "vpn",
                    "wan_name": "FTTH"
                  },
                  {
                    "cost": null,
                    "disabled": null,
                    "gateway_ip": null,
                    "internet_access": null,
                    "name": "SSR_HUB_DC-MPLS.OrgOverlay",
                    "networks": [],
                    "target_ips": [],
                    "type": "vpn",
                    "wan_name": "LTE"
                  }
                ],
                "strategy": "ordered"
              }
            },
            "port_config": {
              "ge-0/0/3": {
                "description": null,
                "disable_autoneg": false,
                "disabled": false,
                "dsl_type": "vdsl",
                "dsl_vci": 35,
                "dsl_vpi": 0,
                "duplex": "auto",
                "ip_config": {
                  "dns": null,
                  "dns_suffix": null,
                  "gateway": "192.168.1.1",
                  "ip": "192.168.1.8",
                  "netmask": "/24",
                  "network": null,
                  "poser_password": null,
                  "pppoe_auth": "none",
                  "pppoe_username": null,
                  "type": "static"
                },
                "lte_apn": null,
                "lte_auth": "none",
                "lte_backup": null,
                "lte_password": null,
                "lte_username": null,
                "mtu": null,
                "name": "FTTH",
                "networks": [],
                "outer_vlan_id": null,
                "poe_disabled": false,
                "port_network": null,
                "preserve_dscp": true,
                "redundant": false,
                "reth_idx": null,
                "reth_node": null,
                "reth_nodes": [],
                "speed": "auto",
                "ssr_no_virtual_mac": false,
                "svr_port_range": "none",
                "traffic_shaping": null,
                "usage": "wan",
                "vlan_id": null,
                "vpn_paths": {
                  "SSR_HUB_DC-MPLS.OrgOverlay": {
                    "bfd_profile": "broadband",
                    "bfd_use_tunnel_mode": false,
                    "preference": null,
                    "role": "spoke",
                    "traffic_shaping": null
                  }
                },
                "wan_arp_policer": "recommended",
                "wan_ext_ip": null,
                "wan_source_nat": {
                  "disabled": false,
                  "nat_pool": null
                },
                "wan_type": "broadband"
              },
              "ge-0/0/4": {
                "description": null,
                "disable_autoneg": false,
                "disabled": false,
                "dsl_type": "vdsl",
                "dsl_vci": 35,
                "dsl_vpi": 0,
                "duplex": "auto",
                "ip_config": {
                  "dns": null,
                  "dns_suffix": null,
                  "gateway": null,
                  "ip": null,
                  "netmask": null,
                  "network": null,
                  "poser_password": null,
                  "pppoe_auth": "none",
                  "pppoe_username": null,
                  "type": "dhcp"
                },
                "lte_apn": null,
                "lte_auth": "none",
                "lte_backup": null,
                "lte_password": null,
                "lte_username": null,
                "mtu": null,
                "name": "LTE",
                "networks": [],
                "outer_vlan_id": null,
                "poe_disabled": false,
                "port_network": null,
                "preserve_dscp": true,
                "redundant": false,
                "reth_idx": null,
                "reth_node": null,
                "reth_nodes": [],
                "speed": "auto",
                "ssr_no_virtual_mac": false,
                "svr_port_range": "none",
                "traffic_shaping": null,
                "usage": "wan",
                "vlan_id": null,
                "vpn_paths": {
                  "SSR_HUB_DC-MPLS.OrgOverlay": {
                    "bfd_profile": "broadband",
                    "bfd_use_tunnel_mode": false,
                    "preference": null,
                    "role": "spoke",
                    "traffic_shaping": null
                  }
                },
                "wan_arp_policer": "recommended",
                "wan_ext_ip": null,
                "wan_source_nat": {
                  "disabled": false,
                  "nat_pool": null
                },
                "wan_type": "broadband"
              },
              "ge-0/0/5": {
                "description": null,
                "disable_autoneg": false,
                "disabled": false,
                "dsl_type": "vdsl",
                "dsl_vci": 35,
                "dsl_vpi": 0,
                "duplex": "auto",
                "ip_config": null,
                "lte_apn": null,
                "lte_auth": "none",
                "lte_backup": null,
                "lte_password": null,
                "lte_username": null,
                "mtu": null,
                "name": null,
                "networks": [
                  "PRD-Core"
                ],
                "outer_vlan_id": null,
                "poe_disabled": false,
                "port_network": null,
                "preserve_dscp": true,
                "redundant": false,
                "reth_idx": null,
                "reth_node": null,
                "reth_nodes": [],
                "speed": "auto",
                "ssr_no_virtual_mac": false,
                "svr_port_range": "none",
                "traffic_shaping": null,
                "usage": "lan",
                "vlan_id": null,
                "vpn_paths": null,
                "wan_arp_policer": "recommended",
                "wan_ext_ip": null,
                "wan_source_nat": null,
                "wan_type": "broadband"
              },
              "ge-0/0/6": {
                "description": null,
                "disable_autoneg": false,
                "disabled": false,
                "dsl_type": "vdsl",
                "dsl_vci": 35,
                "dsl_vpi": 0,
                "duplex": "auto",
                "ip_config": null,
                "lte_apn": null,
                "lte_auth": "none",
                "lte_backup": null,
                "lte_password": null,
                "lte_username": null,
                "mtu": null,
                "name": null,
                "networks": [
                  "PRD-Lab"
                ],
                "outer_vlan_id": null,
                "poe_disabled": false,
                "port_network": null,
                "preserve_dscp": true,
                "redundant": false,
                "reth_idx": null,
                "reth_node": null,
                "reth_nodes": [],
                "speed": "auto",
                "ssr_no_virtual_mac": false,
                "svr_port_range": "none",
                "traffic_shaping": null,
                "usage": "lan",
                "vlan_id": null,
                "vpn_paths": null,
                "wan_arp_policer": "recommended",
                "wan_ext_ip": null,
                "wan_source_nat": null,
                "wan_type": "broadband"
              },
              "ge-0/0/7": {
                "description": null,
                "disable_autoneg": false,
                "disabled": false,
                "dsl_type": "vdsl",
                "dsl_vci": 35,
                "dsl_vpi": 0,
                "duplex": "auto",
                "ip_config": null,
                "lte_apn": null,
                "lte_auth": "none",
                "lte_backup": null,
                "lte_password": null,
                "lte_username": null,
                "mtu": null,
                "name": null,
                "networks": [
                  "PRD-Mgmt"
                ],
                "outer_vlan_id": null,
                "poe_disabled": false,
                "port_network": null,
                "preserve_dscp": true,
                "redundant": false,
                "reth_idx": null,
                "reth_node": null,
                "reth_nodes": [],
                "speed": "auto",
                "ssr_no_virtual_mac": false,
                "svr_port_range": "none",
                "traffic_shaping": null,
                "usage": "lan",
                "vlan_id": null,
                "vpn_paths": null,
                "wan_arp_policer": "recommended",
                "wan_ext_ip": null,
                "wan_source_nat": null,
                "wan_type": "broadband"
              }
            },
            "router_id": null,
            "routing_policies": null,
            "service_policies": [
              {
                "action": "allow",
                "appqoe": null,
                "ewf": null,
                "idp": {
                  "alert_only": false,
                  "enabled": true,
                  "idpprofile_id": null,
                  "profile": "critical"
                },
                "local_routing": false,
                "name": "Policy-14",
                "path_preference": "HUB",
                "servicepolicy_id": null,
                "services": [
                  "any"
                ],
                "tenants": [
                  "PRD-Core"
                ]
              },
              {
                "action": "allow",
                "appqoe": null,
                "ewf": null,
                "idp": {
                  "alert_only": true,
                  "enabled": true,
                  "idpprofile_id": null,
                  "profile": "standard"
                },
                "local_routing": false,
                "name": "Policy-2",
                "path_preference": "HUB-ECMP",
                "servicepolicy_id": null,
                "services": [
                  "any"
                ],
                "tenants": [
                  "PRD-Mgmt"
                ]
              },
              {
                "action": "allow",
                "appqoe": null,
                "ewf": null,
                "idp": {
                  "alert_only": null,
                  "enabled": false,
                  "idpprofile_id": null,
                  "profile": "strict"
                },
                "local_routing": false,
                "name": "Policy-3",
                "path_preference": "HUB-ORDERED",
                "servicepolicy_id": null,
                "services": [
                  "any"
                ],
                "tenants": [
                  "PRD-Lab"
                ]
              }
            ],
            "tunnel_configs": null,
            "tunnel_provider_options": null,
            "type": "gateway",
            "vrf_config": null,
            "vrf_instances": null
          },
          "sensitive_attributes": [
            [
              {
                "type": "get_attr",
                "value": "port_config"
              },
              {
                "type": "index",
                "value": {
                  "value": "ge-0/0/3",
                  "type": "string"
                }
              },
              {
                "type": "get_attr",
                "value": "lte_password"
              }
            ],
            [
              {
                "type": "get_attr",
                "value": "port_config"
              },
              {
                "type": "index",
                "value": {
                  "value": "ge-0/0/3",
                  "type": "string"
                }
              },
              {
                "type": "get_attr",
                "value": "ip_config"
              },
              {
                "type": "get_attr",
                "value": "poser_password"
              }
            ],
            [
              {
                "type": "get_attr",
                "value": "port_config"
              },
              {
                "type": "index",
                "value": {
                  "value": "ge-0/0/4",
                  "type": "string"
                }
              },
              {
                "type": "get_attr",
                "value": "ip_config"
              },
              {
                "type": "get_attr",
                "value": "poser_password"
              }
            ],
            [
              {
                "type": "get_attr",
                "value": "port_config"
              },
              {
                "type": "index",
                "value": {
                  "value": "ge-0/0/4",
                  "type": "string"
                }
              },
              {
                "type": "get_attr",
                "value": "lte_password"
              }
            ],
            [
              {
                "type": "get_attr",
                "value": "port_config"
              },
              {
                "type": "index",
                "value": {
                  "value": "ge-0/0/5",
                  "type": "string"
                }
              },
              {
                "type": "get_attr",
                "value": "lte_password"
              }
            ],
            [
              {
                "type": "get_attr",
                "value": "port_config"
              },
              {
                "type": "index",
                "value": {
                  "value": "ge-0/0/6",
                  "type": "string"
                }
              },
              {
                "type": "get_attr",
                "value": "lte_password"
              }
            ],
            [
              {
                "type": "get_attr",
                "value": "port_config"
              },
              {
                "type": "index",
                "value": {
                  "value": "ge-0/0/7",
                  "type": "string"
                }
              },
              {
                "type": "get_attr",
                "value": "lte_password"
              }
            ]
          ],
          "dependencies": [
            "mist_org.terraform_test"
          ]
        }
      ]
    },
    {
      "mode": "managed",
      "type": "mist_org_gatewaytemplate",
      "name": "gatewaytemplate_one",
      "provider": "provider[\"registry.terraform.io/juniper/mist\"]",
      "instances": [
        {
          "schema_version": 0,
          "attributes": {
            "additional_config_cmds": null,
            "bgp_config": null,
            "dhcpd_config": null,
            "dns_override": false,
            "dns_servers": null,
            "dns_suffix": null,
            "extra_routes": null,
            "extra_routes6": null,
            "id": "76864365-8c34-4f4e-9044-9a87f9894198",
            "idp_profiles": null,
            "ip_configs": {
              "AUTOMATION_VLAN460": {
                "ip": "10.6.171.1",
                "netmask": "/24",
                "secondary_ips": [],
                "type": "static"
              },
              "CORE_VLAN410": {
                "ip": "10.4.171.1",
                "netmask": "/24",
                "secondary_ips": [],
                "type": "static"
              },
              "MANAGEMENT_VLAN430": {
                "ip": "10.8.171.1",
                "netmask": "/24",
                "secondary_ips": [],
                "type": "static"
              },
              "RESTRICTED_VLAN420": {
                "ip": "10.5.171.1",
                "netmask": "/24",
                "secondary_ips": [],
                "type": "static"
              },
              "UNTRUSTED_VLAN490": {
                "ip": "10.7.171.1",
                "netmask": "/24",
                "secondary_ips": [],
                "type": "static"
              }
            },
            "name": "gatewaytemplate_one",
            "networks": null,
            "ntp_override": false,
            "ntp_servers": null,
            "oob_ip_config": null,
            "org_id": "992bf4b9-c900-4850-9992-107b2f9df928",
            "path_preferences": {
              "HUB": {
                "paths": [
                  {
                    "cost": null,
                    "disabled": null,
                    "gateway_ip": null,
                    "internet_access": null,
                    "name": "FTTH",
                    "networks": [],
                    "target_ips": [],
                    "type": "wan",
                    "wan_name": null
                  }
                ],
                "strategy": "ordered"
              }
            },
            "port_config": {
              "ge-0/0/3": {
                "description": null,
                "disable_autoneg": false,
                "disabled": false,
                "dsl_type": "vdsl",
                "dsl_vci": 35,
                "dsl_vpi": 0,
                "duplex": "auto",
                "ip_config": {
                  "dns": null,
                  "dns_suffix": null,
                  "gateway": "192.168.1.1",
                  "ip": "192.168.1.8",
                  "netmask": "/24",
                  "network": null,
                  "poser_password": null,
                  "pppoe_auth": "none",
                  "pppoe_username": null,
                  "type": "static"
                },
                "lte_apn": null,
                "lte_auth": "none",
                "lte_backup": null,
                "lte_password": null,
                "lte_username": null,
                "mtu": null,
                "name": "FTTH",
                "networks": [],
                "outer_vlan_id": null,
                "poe_disabled": false,
                "port_network": null,
                "preserve_dscp": true,
                "redundant": false,
                "reth_idx": null,
                "reth_node": null,
                "reth_nodes": [],
                "speed": "auto",
                "ssr_no_virtual_mac": false,
                "svr_port_range": "none",
                "traffic_shaping": null,
                "usage": "wan",
                "vlan_id": null,
                "vpn_paths": null,
                "wan_arp_policer": "recommended",
                "wan_ext_ip": null,
                "wan_source_nat": {
                  "disabled": false,
                  "nat_pool": null
                },
                "wan_type": "broadband"
              },
              "ge-0/0/7,ge-5/0/7": {
                "description": null,
                "disable_autoneg": false,
                "disabled": false,
                "dsl_type": "vdsl",
                "dsl_vci": 35,
                "dsl_vpi": 0,
                "duplex": "auto",
                "ip_config": null,
                "lte_apn": null,
                "lte_auth": "none",
                "lte_backup": null,
                "lte_password": null,
                "lte_username": null,
                "mtu": null,
                "name": null,
                "networks": [
                  "CORE_VLAN410",
                  "RESTRICTED_VLAN420",
                  "AUTOMATION_VLAN460",
                  "UNTRUSTED_VLAN490",
                  "MANAGEMENT_VLAN430"
                ],
                "outer_vlan_id": null,
                "poe_disabled": false,
                "port_network": null,
                "preserve_dscp": true,
                "redundant": true,
                "reth_idx": 3,
                "reth_node": "node0",
                "reth_nodes": [],
                "speed": "auto",
                "ssr_no_virtual_mac": false,
                "svr_port_range": "none",
                "traffic_shaping": null,
                "usage": "lan",
                "vlan_id": null,
                "vpn_paths": null,
                "wan_arp_policer": "recommended",
                "wan_ext_ip": null,
                "wan_source_nat": null,
                "wan_type": "broadband"
              }
            },
            "router_id": null,
            "routing_policies": null,
            "service_policies": [
              {
                "action": "allow",
                "appqoe": null,
                "ewf": null,
                "idp": {
                  "alert_only": false,
                  "enabled": true,
                  "idpprofile_id": null,
                  "profile": "critical"
                },
                "local_routing": false,
                "name": "Policy-14",
                "path_preference": "HUB",
                "servicepolicy_id": null,
                "services": [
                  "any"
                ],
                "tenants": [
                  "MANAGEMENT_VLAN430"
                ]
              },
              {
                "action": "allow",
                "appqoe": null,
                "ewf": null,
                "idp": null,
                "local_routing": false,
                "name": "lan",
                "path_preference": "HUB",
                "servicepolicy_id": "198e44b4-598f-4faa-9c79-1b16069d5a64",
                "services": [],
                "tenants": []
              }
            ],
            "tunnel_configs": null,
            "tunnel_provider_options": null,
            "type": "spoke",
            "vrf_config": {
              "enabled": true
            },
            "vrf_instances": {
              "VRF_ONE": {
                "networks": [
                  "PRD-CORE_VLAN410",
                  "RESTRICTED_VLAN420"
                ]
              }
            }
          },
          "sensitive_attributes": [
            [
              {
                "type": "get_attr",
                "value": "port_config"
              },
              {
                "type": "index",
                "value": {
                  "value": "ge-0/0/3",
                  "type": "string"
                }
              },
              {
                "type": "get_attr",
                "value": "ip_config"
              },
              {
                "type": "get_attr",
                "value": "poser_password"
              }
            ],
            [
              {
                "type": "get_attr",
                "value": "port_config"
              },
              {
                "type": "index",
                "value": {
                  "value": "ge-0/0/3",
                  "type": "string"
                }
              },
              {
                "type": "get_attr",
                "value": "lte_password"
              }
            ],
            [
              {
                "type": "get_attr",
                "value": "port_config"
              },
              {
                "type": "index",
                "value": {
                  "value": "ge-0/0/7,ge-5/0/7",
                  "type": "string"
                }
              },
              {
                "type": "get_attr",
                "value": "lte_password"
              }
            ]
          ],
          "dependencies": [
            "mist_org.terraform_test",
            "mist_org_servicepolicy.test5"
          ]
        }
      ]
    },
    {
      "mode": "managed",
      "type": "mist_org_gatewaytemplate",
      "name": "sdwan-westford",
      "provider": "provider[\"registry.terraform.io/juniper/mist\"]",
      "instances": [
        {
          "schema_version": 0,
          "attributes": {
            "additional_config_cmds": null,
            "bgp_config": {
              "bgp-group1": {
                "auth_key": null,
                "bfd_minimum_interval": 350,
                "bfd_multiplier": 3,
                "communities": null,
                "disable_bfd": false,
                "export": null,
                "export_policy": null,
                "extended_v4_nexthop": null,
                "graceful_restart_time": 0,
                "hold_time": 90,
                "import": null,
                "import_policy": "ibgp-hub-preference",
                "local_as": null,
                "neighbor_as": null,
                "neighbors": null,
                "networks": [],
                "no_readvertise_to_overlay": false,
                "type": null,
                "via": "vpn",
                "vpn_name": "OrgOverlay",
                "wan_name": null
              }
            },
            "dhcpd_config": {
              "config": {
                "corp_network": {
                  "dns_servers": [
                    "8.8.8.8",
                    "1.1.1.1"
                  ],
                  "dns_suffix": [],
                  "fixed_bindings": null,
                  "gateway": "{{corp_ip}}",
                  "ip_end": "{{corp_dhcp_end}}",
                  "ip_end6": null,
                  "ip_start": "{{corp_dhcp_start}}",
                  "ip_start6": null,
                  "lease_time": 86400,
                  "options": null,
                  "server_id_override": false,
                  "servers": [],
                  "servers6": [],
                  "type": "local",
                  "type6": "none",
                  "vendor_encapulated": null
                }
              },
              "enabled": true
            },
            "dns_override": true,
            "dns_servers": [
              "8.8.8.8"
            ],
            "dns_suffix": null,
            "extra_routes": null,
            "extra_routes6": null,
            "id": "dc825892-9f63-4087-b37f-2c68f0db07c4",
            "idp_profiles": null,
            "ip_configs": {
              "corp_network": {
                "ip": "{{corp_ip}}",
                "netmask": "/{{corp_CIDR}}",
                "secondary_ips": [],
                "type": "static"
              }
            },
            "name": "sdwan-westford",
            "networks": null,
            "ntp_override": true,
            "ntp_servers": [
              "pool.ntp.org"
            ],
            "oob_ip_config": null,
            "org_id": "992bf4b9-c900-4850-9992-107b2f9df928",
            "path_preferences": {
              "broadband-overlay": {
                "paths": [
                  {
                    "cost": null,
                    "disabled": null,
                    "gateway_ip": null,
                    "internet_access": null,
                    "name": "sdwan_newyork_hub-external1.OrgOverlay",
                    "networks": [],
                    "target_ips": [],
                    "type": "vpn",
                    "wan_name": null
                  }
                ],
                "strategy": "ordered"
              },
              "internet-breakout": {
                "paths": [
                  {
                    "cost": null,
                    "disabled": null,
                    "gateway_ip": null,
                    "internet_access": null,
                    "name": "wan1-broadband",
                    "networks": [],
                    "target_ips": [],
                    "type": "wan",
                    "wan_name": null
                  }
                ],
                "strategy": "ordered"
              },
              "to-corp-lan": {
                "paths": [
                  {
                    "cost": null,
                    "disabled": null,
                    "gateway_ip": null,
                    "internet_access": null,
                    "name": null,
                    "networks": [
                      "corp_network"
                    ],
                    "target_ips": [],
                    "type": "local",
                    "wan_name": null
                  }
                ],
                "strategy": "ordered"
              }
            },
            "port_config": {
              "ge-0/0/1": {
                "description": null,
                "disable_autoneg": false,
                "disabled": false,
                "dsl_type": "vdsl",
                "dsl_vci": 35,
                "dsl_vpi": 0,
                "duplex": "auto",
                "ip_config": {
                  "dns": null,
                  "dns_suffix": null,
                  "gateway": "{{broadband_gw_var}}",
                  "ip": "{{broadband_ip_var}}",
                  "netmask": "/{{broadband_prefix_var}}",
                  "network": null,
                  "poser_password": null,
                  "pppoe_auth": "none",
                  "pppoe_username": null,
                  "type": "static"
                },
                "lte_apn": null,
                "lte_auth": "none",
                "lte_backup": null,
                "lte_password": null,
                "lte_username": null,
                "mtu": null,
                "name": "wan1-broadband",
                "networks": [],
                "outer_vlan_id": null,
                "poe_disabled": false,
                "port_network": null,
                "preserve_dscp": true,
                "redundant": false,
                "reth_idx": null,
                "reth_node": null,
                "reth_nodes": [],
                "speed": "auto",
                "ssr_no_virtual_mac": false,
                "svr_port_range": "none",
                "traffic_shaping": null,
                "usage": "wan",
                "vlan_id": null,
                "vpn_paths": {
                  "sdwan_newyork_hub-external1.OrgOverlay": {
                    "bfd_profile": "broadband",
                    "bfd_use_tunnel_mode": false,
                    "preference": null,
                    "role": "spoke",
                    "traffic_shaping": null
                  }
                },
                "wan_arp_policer": "recommended",
                "wan_ext_ip": null,
                "wan_source_nat": {
                  "disabled": false,
                  "nat_pool": null
                },
                "wan_type": "broadband"
              },
              "ge-0/0/3": {
                "description": null,
                "disable_autoneg": false,
                "disabled": false,
                "dsl_type": "vdsl",
                "dsl_vci": 35,
                "dsl_vpi": 0,
                "duplex": "auto",
                "ip_config": null,
                "lte_apn": null,
                "lte_auth": "none",
                "lte_backup": null,
                "lte_password": null,
                "lte_username": null,
                "mtu": null,
                "name": null,
                "networks": [
                  "corp_network"
                ],
                "outer_vlan_id": null,
                "poe_disabled": false,
                "port_network": null,
                "preserve_dscp": true,
                "redundant": false,
                "reth_idx": null,
                "reth_node": null,
                "reth_nodes": [],
                "speed": "auto",
                "ssr_no_virtual_mac": false,
                "svr_port_range": "none",
                "traffic_shaping": null,
                "usage": "lan",
                "vlan_id": null,
                "vpn_paths": null,
                "wan_arp_policer": "recommended",
                "wan_ext_ip": null,
                "wan_source_nat": null,
                "wan_type": "broadband"
              }
            },
            "router_id": null,
            "routing_policies": {
              "ibgp-hub-preference": {
                "terms": [
                  {
                    "action": null,
                    "matching": {
                      "as_path": null,
                      "community": null,
                      "network": null,
                      "prefix": [
                        "172.76.128.0/24",
                        "172.36.128.0/24",
                        "192.168.94.0/24",
                        "192.168.93.0/24",
                        "192.168.92.0/24",
                        "192.168.95.0/24",
                        "192.168.91.0/24",
                        "172.46.128.0/24",
                        "172.66.128.0/24",
                        "172.56.128.0/24",
                        "24.0.0.0/29",
                        "192.168.90.0/24",
                        "192.168.97.0/24",
                        "192.168.98.0/24",
                        "192.168.94.0/24"
                      ],
                      "protocol": [
                        "bgp"
                      ],
                      "route_exists": null,
                      "vpn_neighbor_mac": null,
                      "vpn_path": [
                        "NewYork-newyork-broadband1.OrgOverlay",
                        "NewYork-newyork-broadband1-lte.OrgOverlay",
                        "SanFrancisco-sanfran-broadband1.OrgOverlay"
                      ],
                      "vpn_path_sla": null
                    }
                  }
                ]
              }
            },
            "service_policies": [
              {
                "action": "allow",
                "appqoe": null,
                "ewf": null,
                "idp": {
                  "alert_only": null,
                  "enabled": false,
                  "idpprofile_id": null,
                  "profile": "strict"
                },
                "local_routing": false,
                "name": "inbound-hub-to-corp-net",
                "path_preference": "to-corp-lan",
                "servicepolicy_id": null,
                "services": [
                  "spoke-corp-network"
                ],
                "tenants": [
                  "corp_datacenter1",
                  "corp_datacenter2",
                  "core_dc2_network",
                  "mgmt_datacenter1",
                  "mgmt_datacenter2"
                ]
              },
              {
                "action": "allow",
                "appqoe": null,
                "ewf": null,
                "idp": {
                  "alert_only": null,
                  "enabled": false,
                  "idpprofile_id": null,
                  "profile": "strict"
                },
                "local_routing": false,
                "name": "inbound-remote-spoke-to-corp-net",
                "path_preference": "to-corp-lan",
                "servicepolicy_id": null,
                "services": [
                  "spoke-corp-network"
                ],
                "tenants": [
                  "corp_network",
                  "mgmt_network"
                ]
              },
              {
                "action": "allow",
                "appqoe": null,
                "ewf": null,
                "idp": {
                  "alert_only": null,
                  "enabled": false,
                  "idpprofile_id": null,
                  "profile": "strict"
                },
                "local_routing": false,
                "name": "outbound-to-hub-workloads",
                "path_preference": "broadband-overlay",
                "servicepolicy_id": null,
                "services": [
                  "datacenter1-mgmt-network",
                  "datacenter1-workloads",
                  "datacenter2-lan",
                  "datacenter2-mgmt-network",
                  "datacenter2-workloads"
                ],
                "tenants": [
                  "corp_network"
                ]
              },
              {
                "action": "allow",
                "appqoe": null,
                "ewf": null,
                "idp": {
                  "alert_only": null,
                  "enabled": false,
                  "idpprofile_id": null,
                  "profile": "strict"
                },
                "local_routing": false,
                "name": "outbound-corp-internet",
                "path_preference": "internet-breakout",
                "servicepolicy_id": null,
                "services": [
                  "corp-internet"
                ],
                "tenants": [
                  "corp_network"
                ]
              },
              {
                "action": "allow",
                "appqoe": null,
                "ewf": null,
                "idp": {
                  "alert_only": null,
                  "enabled": false,
                  "idpprofile_id": null,
                  "profile": "strict"
                },
                "local_routing": false,
                "name": "application-test",
                "path_preference": "internet-breakout",
                "servicepolicy_id": null,
                "services": [
                  "youtube"
                ],
                "tenants": [
                  "corp_network"
                ]
              },
              {
                "action": "deny",
                "appqoe": null,
                "ewf": null,
                "idp": {
                  "alert_only": null,
                  "enabled": false,
                  "idpprofile_id": null,
                  "profile": "strict"
                },
                "local_routing": true,
                "name": "url-filtering",
                "path_preference": null,
                "servicepolicy_id": null,
                "services": [
                  "blocked-categories"
                ],
                "tenants": [
                  "corp_network"
                ]
              }
            ],
            "tunnel_configs": null,
            "tunnel_provider_options": null,
            "type": "spoke",
            "vrf_config": null,
            "vrf_instances": null
          },
          "sensitive_attributes": [
            [
              {
                "type": "get_attr",
                "value": "port_config"
              },
              {
                "type": "index",
                "value": {
                  "value": "ge-0/0/1",
                  "type": "string"
                }
              },
              {
                "type": "get_attr",
                "value": "lte_password"
              }
            ],
            [
              {
                "type": "get_attr",
                "value": "port_config"
              },
              {
                "type": "index",
                "value": {
                  "value": "ge-0/0/1",
                  "type": "string"
                }
              },
              {
                "type": "get_attr",
                "value": "ip_config"
              },
              {
                "type": "get_attr",
                "value": "poser_password"
              }
            ],
            [
              {
                "type": "get_attr",
                "value": "port_config"
              },
              {
                "type": "index",
                "value": {
                  "value": "ge-0/0/3",
                  "type": "string"
                }
              },
              {
                "type": "get_attr",
                "value": "lte_password"
              }
            ]
          ],
          "dependencies": [
            "mist_org.terraform_test"
          ]
        }
      ]
    },
    {
      "mode": "managed",
      "type": "mist_org_gatewaytemplate",
      "name": "test-api",
      "provider": "provider[\"registry.terraform.io/juniper/mist\"]",
      "instances": [
        {
          "schema_version": 0,
          "attributes": {
            "additional_config_cmds": null,
            "bgp_config": null,
            "dhcpd_config": {
              "config": null,
              "enabled": false
            },
            "dns_override": false,
            "dns_servers": null,
            "dns_suffix": null,
            "extra_routes": null,
            "extra_routes6": null,
            "id": "a3f03b9e-1202-481e-ae28-a8f288074745",
            "idp_profiles": null,
            "ip_configs": {
              "PRD-Core": {
                "ip": "10.3.100.9",
                "netmask": "/24",
                "secondary_ips": [],
                "type": "static"
              },
              "PRD-Lab": {
                "ip": "10.3.171.1",
                "netmask": "/24",
                "secondary_ips": [],
                "type": "static"
              },
              "PRD-Mgmt": {
                "ip": "10.3.172.1",
                "netmask": "/24",
                "secondary_ips": [],
                "type": "static"
              }
            },
            "name": "test-api",
            "networks": null,
            "ntp_override": false,
            "ntp_servers": null,
            "oob_ip_config": null,
            "org_id": "992bf4b9-c900-4850-9992-107b2f9df928",
            "path_preferences": {
              "HUB": {
                "paths": [
                  {
                    "cost": null,
                    "disabled": null,
                    "gateway_ip": null,
                    "internet_access": null,
                    "name": "SSR_HUB_DC-MPLS.OrgOverlay",
                    "networks": [],
                    "target_ips": [],
                    "type": "vpn",
                    "wan_name": null
                  }
                ],
                "strategy": "ordered"
              },
              "HUB-ECMP": {
                "paths": [
                  {
                    "cost": 30,
                    "disabled": null,
                    "gateway_ip": null,
                    "internet_access": null,
                    "name": "SSR_HUB_DC-MPLS.OrgOverlay",
                    "networks": [],
                    "target_ips": [],
                    "type": "vpn",
                    "wan_name": "LTE"
                  },
                  {
                    "cost": 30,
                    "disabled": null,
                    "gateway_ip": null,
                    "internet_access": null,
                    "name": "SSR_HUB_DC-MPLS.OrgOverlay",
                    "networks": [],
                    "target_ips": [],
                    "type": "vpn",
                    "wan_name": "FTTH"
                  }
                ],
                "strategy": "weighted"
              },
              "HUB-ORDERED": {
                "paths": [
                  {
                    "cost": null,
                    "disabled": null,
                    "gateway_ip": null,
                    "internet_access": null,
                    "name": "SSR_HUB_DC-MPLS.OrgOverlay",
                    "networks": [],
                    "target_ips": [],
                    "type": "vpn",
                    "wan_name": "FTTH"
                  },
                  {
                    "cost": null,
                    "disabled": null,
                    "gateway_ip": null,
                    "internet_access": null,
                    "name": "SSR_HUB_DC-MPLS.OrgOverlay",
                    "networks": [],
                    "target_ips": [],
                    "type": "vpn",
                    "wan_name": "LTE"
                  }
                ],
                "strategy": "ordered"
              }
            },
            "port_config": {
              "ge-0/0/3": {
                "description": null,
                "disable_autoneg": false,
                "disabled": false,
                "dsl_type": "vdsl",
                "dsl_vci": 35,
                "dsl_vpi": 0,
                "duplex": "auto",
                "ip_config": {
                  "dns": null,
                  "dns_suffix": null,
                  "gateway": "192.168.1.1",
                  "ip": "192.168.1.8",
                  "netmask": "/24",
                  "network": null,
                  "poser_password": null,
                  "pppoe_auth": "none",
                  "pppoe_username": null,
                  "type": "static"
                },
                "lte_apn": null,
                "lte_auth": "none",
                "lte_backup": null,
                "lte_password": null,
                "lte_username": null,
                "mtu": null,
                "name": "FTTH",
                "networks": [],
                "outer_vlan_id": null,
                "poe_disabled": false,
                "port_network": null,
                "preserve_dscp": true,
                "redundant": false,
                "reth_idx": null,
                "reth_node": null,
                "reth_nodes": [],
                "speed": "auto",
                "ssr_no_virtual_mac": false,
                "svr_port_range": "none",
                "traffic_shaping": null,
                "usage": "wan",
                "vlan_id": null,
                "vpn_paths": {
                  "SSR_HUB_DC-MPLS.OrgOverlay": {
                    "bfd_profile": "broadband",
                    "bfd_use_tunnel_mode": false,
                    "preference": null,
                    "role": "spoke",
                    "traffic_shaping": null
                  }
                },
                "wan_arp_policer": "recommended",
                "wan_ext_ip": null,
                "wan_source_nat": {
                  "disabled": false,
                  "nat_pool": null
                },
                "wan_type": "broadband"
              },
              "ge-0/0/4": {
                "description": null,
                "disable_autoneg": false,
                "disabled": false,
                "dsl_type": "vdsl",
                "dsl_vci": 35,
                "dsl_vpi": 0,
                "duplex": "auto",
                "ip_config": {
                  "dns": null,
                  "dns_suffix": null,
                  "gateway": null,
                  "ip": null,
                  "netmask": null,
                  "network": null,
                  "poser_password": null,
                  "pppoe_auth": "none",
                  "pppoe_username": null,
                  "type": "dhcp"
                },
                "lte_apn": null,
                "lte_auth": "none",
                "lte_backup": null,
                "lte_password": null,
                "lte_username": null,
                "mtu": null,
                "name": "LTE",
                "networks": [],
                "outer_vlan_id": null,
                "poe_disabled": false,
                "port_network": null,
                "preserve_dscp": true,
                "redundant": false,
                "reth_idx": null,
                "reth_node": null,
                "reth_nodes": [],
                "speed": "auto",
                "ssr_no_virtual_mac": false,
                "svr_port_range": "none",
                "traffic_shaping": null,
                "usage": "wan",
                "vlan_id": null,
                "vpn_paths": {
                  "SSR_HUB_DC-MPLS.OrgOverlay": {
                    "bfd_profile": "broadband",
                    "bfd_use_tunnel_mode": false,
                    "preference": null,
                    "role": "spoke",
                    "traffic_shaping": null
                  }
                },
                "wan_arp_policer": "recommended",
                "wan_ext_ip": null,
                "wan_source_nat": {
                  "disabled": false,
                  "nat_pool": null
                },
                "wan_type": "broadband"
              },
              "ge-0/0/5": {
                "description": null,
                "disable_autoneg": false,
                "disabled": false,
                "dsl_type": "vdsl",
                "dsl_vci": 35,
                "dsl_vpi": 0,
                "duplex": "auto",
                "ip_config": null,
                "lte_apn": null,
                "lte_auth": "none",
                "lte_backup": null,
                "lte_password": null,
                "lte_username": null,
                "mtu": null,
                "name": null,
                "networks": [
                  "PRD-Core"
                ],
                "outer_vlan_id": null,
                "poe_disabled": false,
                "port_network": null,
                "preserve_dscp": true,
                "redundant": false,
                "reth_idx": null,
                "reth_node": null,
                "reth_nodes": [],
                "speed": "auto",
                "ssr_no_virtual_mac": false,
                "svr_port_range": "none",
                "traffic_shaping": null,
                "usage": "lan",
                "vlan_id": null,
                "vpn_paths": null,
                "wan_arp_policer": "recommended",
                "wan_ext_ip": null,
                "wan_source_nat": null,
                "wan_type": "broadband"
              },
              "ge-0/0/6": {
                "description": null,
                "disable_autoneg": false,
                "disabled": false,
                "dsl_type": "vdsl",
                "dsl_vci": 35,
                "dsl_vpi": 0,
                "duplex": "auto",
                "ip_config": null,
                "lte_apn": null,
                "lte_auth": "none",
                "lte_backup": null,
                "lte_password": null,
                "lte_username": null,
                "mtu": null,
                "name": null,
                "networks": [
                  "PRD-Lab"
                ],
                "outer_vlan_id": null,
                "poe_disabled": false,
                "port_network": null,
                "preserve_dscp": true,
                "redundant": false,
                "reth_idx": null,
                "reth_node": null,
                "reth_nodes": [],
                "speed": "auto",
                "ssr_no_virtual_mac": false,
                "svr_port_range": "none",
                "traffic_shaping": null,
                "usage": "lan",
                "vlan_id": null,
                "vpn_paths": null,
                "wan_arp_policer": "recommended",
                "wan_ext_ip": null,
                "wan_source_nat": null,
                "wan_type": "broadband"
              },
              "ge-0/0/7": {
                "description": null,
                "disable_autoneg": false,
                "disabled": false,
                "dsl_type": "vdsl",
                "dsl_vci": 35,
                "dsl_vpi": 0,
                "duplex": "auto",
                "ip_config": null,
                "lte_apn": null,
                "lte_auth": "none",
                "lte_backup": null,
                "lte_password": null,
                "lte_username": null,
                "mtu": null,
                "name": null,
                "networks": [
                  "PRD-Mgmt"
                ],
                "outer_vlan_id": null,
                "poe_disabled": false,
                "port_network": null,
                "preserve_dscp": true,
                "redundant": false,
                "reth_idx": null,
                "reth_node": null,
                "reth_nodes": [],
                "speed": "auto",
                "ssr_no_virtual_mac": false,
                "svr_port_range": "none",
                "traffic_shaping": null,
                "usage": "lan",
                "vlan_id": null,
                "vpn_paths": null,
                "wan_arp_policer": "recommended",
                "wan_ext_ip": null,
                "wan_source_nat": null,
                "wan_type": "broadband"
              }
            },
            "router_id": null,
            "routing_policies": null,
            "service_policies": [
              {
                "action": "allow",
                "appqoe": null,
                "ewf": null,
                "idp": null,
                "local_routing": false,
                "name": null,
                "path_preference": "TO-INTERNET",
                "servicepolicy_id": "4fc19ed7-8e4d-4f5f-9f6d-fefb394d9c89",
                "services": [],
                "tenants": []
              },
              {
                "action": "allow",
                "appqoe": null,
                "ewf": null,
                "idp": {
                  "alert_only": false,
                  "enabled": true,
                  "idpprofile_id": null,
                  "profile": "critical"
                },
                "local_routing": false,
                "name": "Policy-14",
                "path_preference": "HUB",
                "servicepolicy_id": null,
                "services": [
                  "any"
                ],
                "tenants": [
                  "PRD-Core"
                ]
              },
              {
                "action": "allow",
                "appqoe": null,
                "ewf": null,
                "idp": {
                  "alert_only": true,
                  "enabled": true,
                  "idpprofile_id": null,
                  "profile": "standard"
                },
                "local_routing": false,
                "name": "Policy-2",
                "path_preference": "HUB-ECMP",
                "servicepolicy_id": null,
                "services": [
                  "any"
                ],
                "tenants": [
                  "PRD-Mgmt"
                ]
              },
              {
                "action": "allow",
                "appqoe": null,
                "ewf": null,
                "idp": {
                  "alert_only": null,
                  "enabled": false,
                  "idpprofile_id": null,
                  "profile": "strict"
                },
                "local_routing": false,
                "name": "Policy-3",
                "path_preference": "HUB-ORDERED",
                "servicepolicy_id": null,
                "services": [
                  "any"
                ],
                "tenants": [
                  "PRD-Lab"
                ]
              }
            ],
            "tunnel_configs": {
              "Prisma-Tunnel": {
                "auto_provision": null,
                "ike_lifetime": 28800,
                "ike_mode": "main",
                "ike_proposals": [
                  {
                    "auth_algo": "sha2",
                    "dh_group": "19",
                    "enc_algo": "aes256"
                  }
                ],
                "ipsec_lifetime": 3600,
                "ipsec_proposals": [
                  {
                    "auth_algo": "sha2",
                    "dh_group": "19",
                    "enc_algo": "aes256"
                  }
                ],
                "local_id": "{{sc_local_id}}",
                "mode": "active-standby",
                "primary": {
                  "hosts": [
                    "{{service_ip_1}}"
                  ],
                  "internal_ips": null,
                  "probe_ips": null,
                  "remote_ids": [
                    "{{sc_remote_id}}"
                  ],
                  "wan_names": [
                    "WAN_0"
                  ]
                },
                "probe": null,
                "protocol": "ipsec",
                "provider": "custom-ipsec",
                "psk": "psktest",
                "secondary": null,
                "version": "2"
              }
            },
            "tunnel_provider_options": null,
            "type": "spoke",
            "vrf_config": null,
            "vrf_instances": null
          },
          "sensitive_attributes": [
            [
              {
                "type": "get_attr",
                "value": "tunnel_configs"
              },
              {
                "type": "index",
                "value": {
                  "value": "Prisma-Tunnel",
                  "type": "string"
                }
              },
              {
                "type": "get_attr",
                "value": "psk"
              }
            ],
            [
              {
                "type": "get_attr",
                "value": "port_config"
              },
              {
                "type": "index",
                "value": {
                  "value": "ge-0/0/3",
                  "type": "string"
                }
              },
              {
                "type": "get_attr",
                "value": "lte_password"
              }
            ],
            [
              {
                "type": "get_attr",
                "value": "port_config"
              },
              {
                "type": "index",
                "value": {
                  "value": "ge-0/0/3",
                  "type": "string"
                }
              },
              {
                "type": "get_attr",
                "value": "ip_config"
              },
              {
                "type": "get_attr",
                "value": "poser_password"
              }
            ],
            [
              {
                "type": "get_attr",
                "value": "port_config"
              },
              {
                "type": "index",
                "value": {
                  "value": "ge-0/0/4",
                  "type": "string"
                }
              },
              {
                "type": "get_attr",
                "value": "lte_password"
              }
            ],
            [
              {
                "type": "get_attr",
                "value": "port_config"
              },
              {
                "type": "index",
                "value": {
                  "value": "ge-0/0/4",
                  "type": "string"
                }
              },
              {
                "type": "get_attr",
                "value": "ip_config"
              },
              {
                "type": "get_attr",
                "value": "poser_password"
              }
            ],
            [
              {
                "type": "get_attr",
                "value": "port_config"
              },
              {
                "type": "index",
                "value": {
                  "value": "ge-0/0/5",
                  "type": "string"
                }
              },
              {
                "type": "get_attr",
                "value": "lte_password"
              }
            ],
            [
              {
                "type": "get_attr",
                "value": "port_config"
              },
              {
                "type": "index",
                "value": {
                  "value": "ge-0/0/6",
                  "type": "string"
                }
              },
              {
                "type": "get_attr",
                "value": "lte_password"
              }
            ],
            [
              {
                "type": "get_attr",
                "value": "port_config"
              },
              {
                "type": "index",
                "value": {
                  "value": "ge-0/0/7",
                  "type": "string"
                }
              },
              {
                "type": "get_attr",
                "value": "lte_password"
              }
            ]
          ],
          "dependencies": [
            "mist_org.terraform_test",
            "mist_org_servicepolicy.test1"
          ]
        }
      ]
    },
    {
      "mode": "managed",
      "type": "mist_org_idpprofile",
      "name": "test1",
      "provider": "provider[\"registry.terraform.io/juniper/mist\"]",
      "instances": [
        {
          "schema_version": 0,
          "attributes": {
            "base_profile": "standard",
            "id": "82971567-0315-45da-a2f1-5b4c2ef66e25",
            "name": "custom-standard",
            "org_id": "992bf4b9-c900-4850-9992-107b2f9df928",
            "overwrites": [
              {
                "action": "drop",
                "matching": {
                  "attack_name": [
                    "SSL:OVERFLOW:KEY-ARG-NO-ENTROPY"
                  ],
                  "dst_subnet": [],
                  "severity": []
                },
                "name": "r1"
              },
              {
                "action": "alert",
                "matching": {
                  "attack_name": [
                    "UDP:ZERO-DATA"
                  ],
                  "dst_subnet": [],
                  "severity": []
                },
                "name": "r2"
              }
            ]
          },
          "sensitive_attributes": [],
          "dependencies": [
            "mist_org.terraform_test"
          ]
        }
      ]
    },
    {
      "mode": "managed",
      "type": "mist_org_idpprofile",
      "name": "test2",
      "provider": "provider[\"registry.terraform.io/juniper/mist\"]",
      "instances": [
        {
          "schema_version": 0,
          "attributes": {
            "base_profile": "standard",
            "id": "26ec6dee-0fc9-4149-bc32-f5f9fec3810a",
            "name": "UDP-ZERO-DATA",
            "org_id": "992bf4b9-c900-4850-9992-107b2f9df928",
            "overwrites": [
              {
                "action": "alert",
                "matching": {
                  "attack_name": [
                    "UDP:ZERO-DATA"
                  ],
                  "dst_subnet": [
                    "8.8.8.8/32"
                  ],
                  "severity": []
                },
                "name": "UDP-ZERO-DATA-AllowGoogle1"
              }
            ]
          },
          "sensitive_attributes": [],
          "dependencies": [
            "mist_org.terraform_test"
          ]
        }
      ]
    },
    {
      "mode": "managed",
      "type": "mist_org_idpprofile",
      "name": "test3",
      "provider": "provider[\"registry.terraform.io/juniper/mist\"]",
      "instances": [
        {
          "schema_version": 0,
          "attributes": {
            "base_profile": "critical",
            "id": "2f3b1f0b-1c92-48fd-84ed-e1ddb189a798",
            "name": "aide-demo-dmz-bypass",
            "org_id": "992bf4b9-c900-4850-9992-107b2f9df928",
            "overwrites": [
              {
                "action": "alert",
                "matching": {
                  "attack_name": [
                    "SSL:OVERFLOW:KEY-ARG-NO-ENTROPY"
                  ],
                  "dst_subnet": [],
                  "severity": []
                },
                "name": "server_bypass"
              },
              {
                "action": "alert",
                "matching": {
                  "attack_name": [
                    "SSL:OVERFLOW:KEY-ARG-NO-ENTROPY"
                  ],
                  "dst_subnet": [],
                  "severity": []
                },
                "name": "aide-demo-guest-bypass"
              }
            ]
          },
          "sensitive_attributes": [],
          "dependencies": [
            "mist_org.terraform_test"
          ]
        }
      ]
    },
    {
      "mode": "managed",
      "type": "mist_org_idpprofile",
      "name": "test4",
      "provider": "provider[\"registry.terraform.io/juniper/mist\"]",
      "instances": [
        {
          "schema_version": 0,
          "attributes": {
            "base_profile": "critical",
            "id": "3ed61058-1a56-4177-9a48-154caabb976a",
            "name": "nn-test",
            "org_id": "992bf4b9-c900-4850-9992-107b2f9df928",
            "overwrites": null
          },
          "sensitive_attributes": [],
          "dependencies": [
            "mist_org.terraform_test"
          ]
        }
      ]
    },
    {
      "mode": "managed",
      "type": "mist_org_idpprofile",
      "name": "test5",
      "provider": "provider[\"registry.terraform.io/juniper/mist\"]",
      "instances": [
        {
          "schema_version": 0,
          "attributes": {
            "base_profile": "standard",
            "id": "1e366157-9f38-4266-aefa-c25170977005",
            "name": "zero-data",
            "org_id": "992bf4b9-c900-4850-9992-107b2f9df928",
            "overwrites": [
              {
                "action": "close",
                "matching": {
                  "attack_name": [
                    "UDP:ZERO-DATA"
                  ],
                  "dst_subnet": [
                    "9.9.9.9/32",
                    "1.0.0.1/32"
                  ],
                  "severity": []
                },
                "name": "zero-data"
              }
            ]
          },
          "sensitive_attributes": [],
          "dependencies": [
            "mist_org.terraform_test"
          ]
        }
      ]
    },
    {
      "mode": "managed",
      "type": "mist_org_idpprofile",
      "name": "test6",
      "provider": "provider[\"registry.terraform.io/juniper/mist\"]",
      "instances": [
        {
          "schema_version": 0,
          "attributes": {
            "base_profile": "standard",
            "id": "b8a4d0a4-1ca3-477f-95ba-97ea038b8a3a",
            "name": "CVE",
            "org_id": "992bf4b9-c900-4850-9992-107b2f9df928",
            "overwrites": [
              {
                "action": "alert",
                "matching": {
                  "attack_name": [
                    "HTTP:INFO-LEAK:NO-SP-AFTER-FLD",
                    "HTTP:OVERFLOW:HEADER",
                    "HTTP:INVALID:HDR-FIELD",
                    "HTTP:INVALID:INV-CONT-ENC",
                    "SSL:AUDIT:EXPORT-GRADE-CIPHER",
                    "PORTMAPPER:ERR:SHORT-READ",
                    "SSL:OVERFLOW:KEY-ARG-NO-ENTROPY"
                  ],
                  "dst_subnet": [
                    "192.168.94.2/32",
                    "93.184.215.14/32",
                    "13.89.179.10/32",
                    "1.0.0.1/32",
                    "9.9.9.9/32",
                    "1.1.1.1/32",
                    "142.251.33.99/32",
                    "23.102.110.248/32",
                    "20.189.173.10/32",
                    "13.89.179.14/32",
                    "142.251.211.227/32"
                  ],
                  "severity": []
                },
                "name": "CVE"
              }
            ]
          },
          "sensitive_attributes": [],
          "dependencies": [
            "mist_org.terraform_test"
          ]
        }
      ]
    },
    {
      "mode": "managed",
      "type": "mist_org_inventory",
      "name": "inventory",
      "provider": "provider[\"registry.terraform.io/juniper/mist\"]",
      "instances": [
        {
          "schema_version": 0,
          "attributes": {
            "devices": [
              {
                "claim_code": "CPKL2EXN8JY98AC",
                "hostname": null,
                "id": "00000000-0000-0000-1000-003e7316ff9e",
                "mac": "003e7316ff9e",
                "model": "AP24",
                "org_id": "992bf4b9-c900-4850-9992-107b2f9df928",
                "serial": "A192923060671",
                "site_id": "19e06ed0-9ee9-4ac7-9d5c-dd1ed551a95c",
                "type": "ap",
                "vc_mac": null
              },
              {
                "claim_code": "G87JHBFXZJSFNMX",
                "hostname": null,
                "id": "00000000-0000-0000-1000-2c21311c37b0",
                "mac": "2c21311c37b0",
                "model": "EX2300-C-12P",
                "org_id": "992bf4b9-c900-4850-9992-107b2f9df928",
                "serial": "HV0216410081",
                "site_id": null,
                "type": "switch",
                "vc_mac": null
              },
              {
                "claim_code": "CV4YAS8DQWYLL6M",
                "hostname": null,
                "id": "00000000-0000-0000-1000-e8a24550e732",
                "mac": "e8a24550e732",
                "model": "SRX320",
                "org_id": "992bf4b9-c900-4850-9992-107b2f9df928",
                "serial": "CW2720AF0433",
                "site_id": null,
                "type": "gateway",
                "vc_mac": null
              }
            ],
            "org_id": "992bf4b9-c900-4850-9992-107b2f9df928"
          },
          "sensitive_attributes": [],
          "dependencies": [
            "mist_org.terraform_test",
            "mist_org_sitegroup.test_group",
            "mist_org_sitegroup.test_group2",
            "mist_site.terraform_site"
          ]
        }
      ]
    },
    {
      "mode": "managed",
      "type": "mist_org_nacrule",
      "name": "nacrule_Wireless_EAP_TLS_McD_IoT",
      "provider": "provider[\"registry.terraform.io/juniper/mist\"]",
      "instances": [
        {
          "schema_version": 0,
          "attributes": {
            "action": "allow",
            "apply_tags": [
              "3f1cc026-adc1-456d-a3d4-2e7144927125"
            ],
            "enabled": true,
            "id": "8fb15f88-378f-49ec-bb39-5391d54eee60",
            "matching": {
              "auth_type": "eap-tls",
              "nactags": [
                "12a70633-bf36-4cf6-a014-5ead809c6b9d"
              ],
              "port_types": [
                "wireless"
              ],
              "site_ids": [],
              "sitegroup_ids": [],
              "vendor": []
            },
            "name": "Wireless-EAP-TLS-McD-IoT",
            "not_matching": null,
            "order": 15,
            "org_id": "992bf4b9-c900-4850-9992-107b2f9df928"
          },
          "sensitive_attributes": [],
          "dependencies": [
            "mist_org.terraform_test",
            "mist_org_nactag.nactag_VLAN_Crew451",
            "mist_org_nactag.test222"
          ]
        }
      ]
    },
    {
      "mode": "managed",
      "type": "mist_org_nactag",
      "name": "nactag_VLAN_Crew451",
      "provider": "provider[\"registry.terraform.io/juniper/mist\"]",
      "instances": [
        {
          "schema_version": 0,
          "attributes": {
            "allow_usermac_override": false,
            "egress_vlan_names": null,
            "gbp_tag": null,
            "id": "3f1cc026-adc1-456d-a3d4-2e7144927125",
            "match": null,
            "match_all": false,
            "name": "VLAN-Crew451",
            "org_id": "992bf4b9-c900-4850-9992-107b2f9df928",
            "radius_attrs": null,
            "radius_group": null,
            "radius_vendor_attrs": null,
            "session_timeout": null,
            "type": "vlan",
            "values": null,
            "vlan": "451"
          },
          "sensitive_attributes": [],
          "dependencies": [
            "mist_org.terraform_test"
          ]
        }
      ]
    },
    {
      "mode": "managed",
      "type": "mist_org_nactag",
      "name": "test222",
      "provider": "provider[\"registry.terraform.io/juniper/mist\"]",
      "instances": [
        {
          "schema_version": 0,
          "attributes": {
            "allow_usermac_override": false,
            "egress_vlan_names": null,
            "gbp_tag": null,
            "id": "12a70633-bf36-4cf6-a014-5ead809c6b9d",
            "match": "ssid",
            "match_all": false,
            "name": "ssid.MlN.1X",
            "org_id": "992bf4b9-c900-4850-9992-107b2f9df928",
            "radius_attrs": null,
            "radius_group": null,
            "radius_vendor_attrs": null,
            "session_timeout": null,
            "type": "match",
            "values": [
              "MlN.1X"
            ],
            "vlan": null
          },
          "sensitive_attributes": [],
          "dependencies": [
            "mist_org.terraform_test"
          ]
        }
      ]
    },
    {
      "mode": "managed",
      "type": "mist_org_network",
      "name": "AUTOMATION_VLAN460",
      "provider": "provider[\"registry.terraform.io/juniper/mist\"]",
      "instances": [
        {
          "schema_version": 0,
          "attributes": {
            "disallow_mist_services": true,
            "gateway": null,
            "gateway6": null,
            "id": "032f1424-699d-4137-aa43-2d4b7af49233",
            "internal_access": null,
            "internet_access": {
              "create_simple_service_policy": false,
              "destination_nat": null,
              "enabled": null,
              "restricted": false,
              "static_nat": null
            },
            "isolation": true,
            "name": "AUTOMATION_VLAN460",
            "org_id": "992bf4b9-c900-4850-9992-107b2f9df928",
            "routed_for_networks": null,
            "subnet": "0.0.0.0/0",
            "subnet6": null,
            "tenants": null,
            "vlan_id": null,
            "vpn_access": {
              "OrgOverlay": {
                "advertised_subnet": null,
                "allow_ping": null,
                "destination_nat": null,
                "nat_pool": null,
                "no_readvertise_to_lan_bgp": false,
                "no_readvertise_to_lan_ospf": false,
                "no_readvertise_to_overlay": null,
                "other_vrfs": [],
                "routed": true,
                "source_nat": null,
                "static_nat": null,
                "summarized_subnet": null,
                "summarized_subnet_to_lan_bgp": null,
                "summarized_subnet_to_lan_ospf": null
              }
            }
          },
          "sensitive_attributes": [],
          "dependencies": [
            "mist_org.terraform_test"
          ]
        }
      ]
    },
    {
      "mode": "managed",
      "type": "mist_org_network",
      "name": "CORE_VLAN410",
      "provider": "provider[\"registry.terraform.io/juniper/mist\"]",
      "instances": [
        {
          "schema_version": 0,
          "attributes": {
            "disallow_mist_services": true,
            "gateway": null,
            "gateway6": null,
            "id": "2656934a-4bb5-4bb9-9818-004cb5e947be",
            "internal_access": null,
            "internet_access": {
              "create_simple_service_policy": false,
              "destination_nat": null,
              "enabled": null,
              "restricted": false,
              "static_nat": null
            },
            "isolation": true,
            "name": "CORE_VLAN410",
            "org_id": "992bf4b9-c900-4850-9992-107b2f9df928",
            "routed_for_networks": null,
            "subnet": "0.0.0.0/0",
            "subnet6": null,
            "tenants": null,
            "vlan_id": null,
            "vpn_access": {
              "OrgOverlay": {
                "advertised_subnet": null,
                "allow_ping": null,
                "destination_nat": null,
                "nat_pool": null,
                "no_readvertise_to_lan_bgp": false,
                "no_readvertise_to_lan_ospf": false,
                "no_readvertise_to_overlay": null,
                "other_vrfs": [],
                "routed": true,
                "source_nat": null,
                "static_nat": null,
                "summarized_subnet": null,
                "summarized_subnet_to_lan_bgp": null,
                "summarized_subnet_to_lan_ospf": null
              }
            }
          },
          "sensitive_attributes": [],
          "dependencies": [
            "mist_org.terraform_test"
          ]
        }
      ]
    },
    {
      "mode": "managed",
      "type": "mist_org_network",
      "name": "MANAGEMENT_VLAN430",
      "provider": "provider[\"registry.terraform.io/juniper/mist\"]",
      "instances": [
        {
          "schema_version": 0,
          "attributes": {
            "disallow_mist_services": true,
            "gateway": null,
            "gateway6": null,
            "id": "dd258be8-783f-4f9a-b4cd-fb9da4630aec",
            "internal_access": null,
            "internet_access": {
              "create_simple_service_policy": false,
              "destination_nat": null,
              "enabled": null,
              "restricted": false,
              "static_nat": null
            },
            "isolation": true,
            "name": "MANAGEMENT_VLAN430",
            "org_id": "992bf4b9-c900-4850-9992-107b2f9df928",
            "routed_for_networks": null,
            "subnet": "0.0.0.0/0",
            "subnet6": null,
            "tenants": null,
            "vlan_id": null,
            "vpn_access": {
              "OrgOverlay": {
                "advertised_subnet": null,
                "allow_ping": null,
                "destination_nat": null,
                "nat_pool": null,
                "no_readvertise_to_lan_bgp": false,
                "no_readvertise_to_lan_ospf": false,
                "no_readvertise_to_overlay": null,
                "other_vrfs": [],
                "routed": true,
                "source_nat": null,
                "static_nat": null,
                "summarized_subnet": null,
                "summarized_subnet_to_lan_bgp": null,
                "summarized_subnet_to_lan_ospf": null
              }
            }
          },
          "sensitive_attributes": [],
          "dependencies": [
            "mist_org.terraform_test"
          ]
        }
      ]
    },
    {
      "mode": "managed",
      "type": "mist_org_network",
      "name": "RESTRICTED_VLAN420",
      "provider": "provider[\"registry.terraform.io/juniper/mist\"]",
      "instances": [
        {
          "schema_version": 0,
          "attributes": {
            "disallow_mist_services": true,
            "gateway": null,
            "gateway6": null,
            "id": "91fcd821-9553-41a6-b583-6502cca6933c",
            "internal_access": null,
            "internet_access": {
              "create_simple_service_policy": false,
              "destination_nat": null,
              "enabled": null,
              "restricted": false,
              "static_nat": null
            },
            "isolation": true,
            "name": "RESTRICTED_VLAN420",
            "org_id": "992bf4b9-c900-4850-9992-107b2f9df928",
            "routed_for_networks": null,
            "subnet": "0.0.0.0/0",
            "subnet6": null,
            "tenants": null,
            "vlan_id": null,
            "vpn_access": {
              "OrgOverlay": {
                "advertised_subnet": null,
                "allow_ping": null,
                "destination_nat": null,
                "nat_pool": null,
                "no_readvertise_to_lan_bgp": false,
                "no_readvertise_to_lan_ospf": false,
                "no_readvertise_to_overlay": null,
                "other_vrfs": [],
                "routed": true,
                "source_nat": null,
                "static_nat": null,
                "summarized_subnet": null,
                "summarized_subnet_to_lan_bgp": null,
                "summarized_subnet_to_lan_ospf": null
              }
            }
          },
          "sensitive_attributes": [],
          "dependencies": [
            "mist_org.terraform_test"
          ]
        }
      ]
    },
    {
      "mode": "managed",
      "type": "mist_org_network",
      "name": "UNTRUSTED_VLAN490",
      "provider": "provider[\"registry.terraform.io/juniper/mist\"]",
      "instances": [
        {
          "schema_version": 0,
          "attributes": {
            "disallow_mist_services": true,
            "gateway": null,
            "gateway6": null,
            "id": "198d8ed0-da34-4940-a0c3-d557ec7da2e9",
            "internal_access": null,
            "internet_access": {
              "create_simple_service_policy": false,
              "destination_nat": null,
              "enabled": null,
              "restricted": false,
              "static_nat": null
            },
            "isolation": true,
            "name": "UNTRUSTED_VLAN490",
            "org_id": "992bf4b9-c900-4850-9992-107b2f9df928",
            "routed_for_networks": null,
            "subnet": "0.0.0.0/0",
            "subnet6": null,
            "tenants": null,
            "vlan_id": null,
            "vpn_access": {
              "OrgOverlay": {
                "advertised_subnet": null,
                "allow_ping": null,
                "destination_nat": null,
                "nat_pool": null,
                "no_readvertise_to_lan_bgp": false,
                "no_readvertise_to_lan_ospf": false,
                "no_readvertise_to_overlay": null,
                "other_vrfs": [],
                "routed": true,
                "source_nat": null,
                "static_nat": null,
                "summarized_subnet": null,
                "summarized_subnet_to_lan_bgp": null,
                "summarized_subnet_to_lan_ospf": null
              }
            }
          },
          "sensitive_attributes": [],
          "dependencies": [
            "mist_org.terraform_test"
          ]
        }
      ]
    },
    {
      "mode": "managed",
      "type": "mist_org_network",
      "name": "corp",
      "provider": "provider[\"registry.terraform.io/juniper/mist\"]",
      "instances": [
        {
          "schema_version": 0,
          "attributes": {
            "disallow_mist_services": false,
            "gateway": null,
            "gateway6": null,
            "id": "8630e461-b13d-484b-813a-c48c17790e5f",
            "internal_access": null,
            "internet_access": null,
            "isolation": null,
            "name": "prd_corp",
            "org_id": "992bf4b9-c900-4850-9992-107b2f9df928",
            "routed_for_networks": null,
            "subnet": "10.4.30.0/{{test}}",
            "subnet6": null,
            "tenants": null,
            "vlan_id": null,
            "vpn_access": null
          },
          "sensitive_attributes": [],
          "dependencies": [
            "mist_org.terraform_test"
          ]
        }
      ]
    },
    {
      "mode": "managed",
      "type": "mist_org_network",
      "name": "dmz",
      "provider": "provider[\"registry.terraform.io/juniper/mist\"]",
      "instances": [
        {
          "schema_version": 0,
          "attributes": {
            "disallow_mist_services": true,
            "gateway": null,
            "gateway6": null,
            "id": "00f19882-4158-4554-ac26-a09f38c2d721",
            "internal_access": null,
            "internet_access": {
              "create_simple_service_policy": false,
              "destination_nat": {
                "192.168.1.9:5431": {
                  "internal_ip": "10.3.3.3",
                  "name": "aws-wg",
                  "port": 51820
                }
              },
              "enabled": null,
              "restricted": false,
              "static_nat": null
            },
            "isolation": true,
            "name": "SRX-DMZ",
            "org_id": "992bf4b9-c900-4850-9992-107b2f9df928",
            "routed_for_networks": null,
            "subnet": "10.3.3.0/24",
            "subnet6": null,
            "tenants": {
              "aws": {
                "addresses": [
                  "10.3.3.3"
                ]
              }
            },
            "vlan_id": "3",
            "vpn_access": null
          },
          "sensitive_attributes": [],
          "dependencies": [
            "mist_org.terraform_test"
          ]
        }
      ]
    },
    {
      "mode": "managed",
      "type": "mist_org_network",
      "name": "iot",
      "provider": "provider[\"registry.terraform.io/juniper/mist\"]",
      "instances": [
        {
          "schema_version": 0,
          "attributes": {
            "disallow_mist_services": true,
            "gateway": null,
            "gateway6": null,
            "id": "213c5573-0b16-42f7-ae99-12bb2e030dd3",
            "internal_access": null,
            "internet_access": null,
            "isolation": true,
            "name": "SRX-IoT",
            "org_id": "992bf4b9-c900-4850-9992-107b2f9df928",
            "routed_for_networks": null,
            "subnet": "10.3.8.0/24",
            "subnet6": null,
            "tenants": {
              "cctv-b": {
                "addresses": [
                  "10.3.8.41/32"
                ]
              },
              "cctv-c": {
                "addresses": [
                  "10.3.8.42/32"
                ]
              },
              "cctv-e": {
                "addresses": [
                  "10.3.8.40/32"
                ]
              },
              "cctv-x": {
                "addresses": [
                  "10.3.8.44/32"
                ]
              },
              "netatmo": {
                "addresses": [
                  "10.3.8.201/32"
                ]
              }
            },
            "vlan_id": "8",
            "vpn_access": null
          },
          "sensitive_attributes": [],
          "dependencies": [
            "mist_org.terraform_test"
          ]
        }
      ]
    },
    {
      "mode": "managed",
      "type": "mist_org_network",
      "name": "mgmt",
      "provider": "provider[\"registry.terraform.io/juniper/mist\"]",
      "instances": [
        {
          "schema_version": 0,
          "attributes": {
            "disallow_mist_services": false,
            "gateway": "10.3.172.9",
            "gateway6": null,
            "id": "7956e0bb-20d1-4e7a-8904-7c905f13d562",
            "internal_access": null,
            "internet_access": null,
            "isolation": true,
            "name": "SRX-Mgmt",
            "org_id": "992bf4b9-c900-4850-9992-107b2f9df928",
            "routed_for_networks": null,
            "subnet": "10.3.172.0/24",
            "subnet6": null,
            "tenants": null,
            "vlan_id": "{{test}}",
            "vpn_access": {
              "OrgOverlay": {
                "advertised_subnet": null,
                "allow_ping": null,
                "destination_nat": null,
                "nat_pool": null,
                "no_readvertise_to_lan_bgp": false,
                "no_readvertise_to_lan_ospf": false,
                "no_readvertise_to_overlay": false,
                "other_vrfs": [],
                "routed": true,
                "source_nat": null,
                "static_nat": null,
                "summarized_subnet": null,
                "summarized_subnet_to_lan_bgp": null,
                "summarized_subnet_to_lan_ospf": null
              }
            }
          },
          "sensitive_attributes": [],
          "dependencies": [
            "mist_org.terraform_test"
          ]
        }
      ]
    },
    {
      "mode": "managed",
      "type": "mist_org_network",
      "name": "mxe",
      "provider": "provider[\"registry.terraform.io/juniper/mist\"]",
      "instances": [
        {
          "schema_version": 0,
          "attributes": {
            "disallow_mist_services": false,
            "gateway": null,
            "gateway6": null,
            "id": "5b554450-50a7-46a4-88c7-3e027e103cc1",
            "internal_access": null,
            "internet_access": {
              "create_simple_service_policy": false,
              "destination_nat": {
                "192.168.1.9:4500": {
                  "internal_ip": "10.10.0.10",
                  "name": "isakmp",
                  "port": 4500
                },
                "192.168.1.9:500": {
                  "internal_ip": "10.10.0.10",
                  "name": "ike",
                  "port": 500
                }
              },
              "enabled": null,
              "restricted": false,
              "static_nat": null
            },
            "isolation": true,
            "name": "SRX-MXE-tt-in",
            "org_id": "992bf4b9-c900-4850-9992-107b2f9df928",
            "routed_for_networks": null,
            "subnet": "10.10.0.0/24",
            "subnet6": null,
            "tenants": {
              "mxe-ext": {
                "addresses": [
                  "10.10.0.10"
                ]
              }
            },
            "vlan_id": "1000",
            "vpn_access": null
          },
          "sensitive_attributes": [],
          "dependencies": [
            "mist_org.terraform_test"
          ]
        }
      ]
    },
    {
      "mode": "managed",
      "type": "mist_org_network",
      "name": "networks1",
      "provider": "provider[\"registry.terraform.io/juniper/mist\"]",
      "instances": [
        {
          "schema_version": 0,
          "attributes": {
            "disallow_mist_services": false,
            "gateway": null,
            "gateway6": null,
            "id": "a1c83c37-e4e3-4dfc-b496-ee2aa623c6d5",
            "internal_access": null,
            "internet_access": {
              "create_simple_service_policy": false,
              "destination_nat": null,
              "enabled": null,
              "restricted": false,
              "static_nat": null
            },
            "isolation": true,
            "name": "CNF-Peer",
            "org_id": "992bf4b9-c900-4850-9992-107b2f9df928",
            "routed_for_networks": null,
            "subnet": "{{cnf_peer_subnet}}/{{cnf_peer_prefix}}",
            "subnet6": null,
            "tenants": {
              "ANY": {
                "addresses": [
                  "0.0.0.0/0"
                ]
              }
            },
            "vlan_id": null,
            "vpn_access": null
          },
          "sensitive_attributes": [],
          "dependencies": [
            "mist_org.terraform_test"
          ]
        }
      ]
    },
    {
      "mode": "managed",
      "type": "mist_org_network",
      "name": "networks14",
      "provider": "provider[\"registry.terraform.io/juniper/mist\"]",
      "instances": [
        {
          "schema_version": 0,
          "attributes": {
            "disallow_mist_services": true,
            "gateway": null,
            "gateway6": null,
            "id": "5de6b98d-b2b8-4a2e-9eb6-b49e1eacbb32",
            "internal_access": null,
            "internet_access": {
              "create_simple_service_policy": false,
              "destination_nat": null,
              "enabled": null,
              "restricted": false,
              "static_nat": null
            },
            "isolation": true,
            "name": "any",
            "org_id": "992bf4b9-c900-4850-9992-107b2f9df928",
            "routed_for_networks": null,
            "subnet": "0.0.0.0/0",
            "subnet6": null,
            "tenants": null,
            "vlan_id": null,
            "vpn_access": {
              "OrgOverlay": {
                "advertised_subnet": null,
                "allow_ping": null,
                "destination_nat": null,
                "nat_pool": null,
                "no_readvertise_to_lan_bgp": false,
                "no_readvertise_to_lan_ospf": false,
                "no_readvertise_to_overlay": null,
                "other_vrfs": [],
                "routed": true,
                "source_nat": null,
                "static_nat": null,
                "summarized_subnet": null,
                "summarized_subnet_to_lan_bgp": null,
                "summarized_subnet_to_lan_ospf": null
              }
            }
          },
          "sensitive_attributes": [],
          "dependencies": [
            "mist_org.terraform_test"
          ]
        }
      ]
    },
    {
      "mode": "managed",
      "type": "mist_org_network",
      "name": "networks17",
      "provider": "provider[\"registry.terraform.io/juniper/mist\"]",
      "instances": [
        {
          "schema_version": 0,
          "attributes": {
            "disallow_mist_services": true,
            "gateway": null,
            "gateway6": null,
            "id": "0dc063b7-5f30-466e-8974-77c3a46116cd",
            "internal_access": null,
            "internet_access": {
              "create_simple_service_policy": false,
              "destination_nat": null,
              "enabled": null,
              "restricted": false,
              "static_nat": null
            },
            "isolation": true,
            "name": "VLAN494_Network",
            "org_id": "992bf4b9-c900-4850-9992-107b2f9df928",
            "routed_for_networks": null,
            "subnet": "{{VLAN494}}.0/24",
            "subnet6": null,
            "tenants": null,
            "vlan_id": "{{VLAN494}}",
            "vpn_access": {
              "OrgOverlay": {
                "advertised_subnet": null,
                "allow_ping": null,
                "destination_nat": null,
                "nat_pool": null,
                "no_readvertise_to_lan_bgp": false,
                "no_readvertise_to_lan_ospf": false,
                "no_readvertise_to_overlay": null,
                "other_vrfs": [],
                "routed": true,
                "source_nat": null,
                "static_nat": null,
                "summarized_subnet": null,
                "summarized_subnet_to_lan_bgp": null,
                "summarized_subnet_to_lan_ospf": null
              }
            }
          },
          "sensitive_attributes": [],
          "dependencies": [
            "mist_org.terraform_test"
          ]
        }
      ]
    },
    {
      "mode": "managed",
      "type": "mist_org_network",
      "name": "reg",
      "provider": "provider[\"registry.terraform.io/juniper/mist\"]",
      "instances": [
        {
          "schema_version": 0,
          "attributes": {
            "disallow_mist_services": false,
            "gateway": null,
            "gateway6": null,
            "id": "b0d086c1-151c-49b8-92ae-fa00253b1208",
            "internal_access": null,
            "internet_access": null,
            "isolation": true,
            "name": "SRX-REG",
            "org_id": "992bf4b9-c900-4850-9992-107b2f9df928",
            "routed_for_networks": null,
            "subnet": "10.3.12.0/24",
            "subnet6": null,
            "tenants": null,
            "vlan_id": "12",
            "vpn_access": null
          },
          "sensitive_attributes": [],
          "dependencies": [
            "mist_org.terraform_test"
          ]
        }
      ]
    },
    {
      "mode": "managed",
      "type": "mist_org_network",
      "name": "ssr",
      "provider": "provider[\"registry.terraform.io/juniper/mist\"]",
      "instances": [
        {
          "schema_version": 0,
          "attributes": {
            "disallow_mist_services": false,
            "gateway": null,
            "gateway6": null,
            "id": "4fa9c561-4180-4fe3-a885-a17f42274b02",
            "internal_access": null,
            "internet_access": null,
            "isolation": true,
            "name": "SRX-Core-128T",
            "org_id": "992bf4b9-c900-4850-9992-107b2f9df928",
            "routed_for_networks": null,
            "subnet": "10.128.0.0/16",
            "subnet6": null,
            "tenants": null,
            "vlan_id": "128",
            "vpn_access": null
          },
          "sensitive_attributes": [],
          "dependencies": [
            "mist_org.terraform_test"
          ]
        }
      ]
    },
    {
      "mode": "managed",
      "type": "mist_org_networktemplate",
      "name": "switch_template",
      "provider": "provider[\"registry.terraform.io/juniper/mist\"]",
      "instances": [
        {
          "schema_version": 0,
          "attributes": {
            "acl_policies": null,
            "acl_tags": null,
            "additional_config_cmds": [
              "set system hostnam test",
              "set system services ssh root-login allow"
            ],
            "dhcp_snooping": null,
            "dns_servers": [
              "10.3.51.222"
            ],
            "dns_suffix": [
              "stag.one"
            ],
            "extra_routes": {
              "1.2.0.0/24": {
                "discard": false,
                "metric": null,
                "next_qualified": null,
                "no_resolve": false,
                "preference": null,
                "via": "1.2.3.4"
              }
            },
            "extra_routes6": null,
            "id": "432e227a-81d6-47f6-b894-c79f11cefd03",
            "mist_nac": null,
            "name": "test_switch",
            "networks": {
              "test": {
                "isolation": false,
                "isolation_vlan_id": null,
                "subnet": "1.2.3.0/24",
                "vlan_id": "10"
              },
              "test2": {
                "isolation": false,
                "isolation_vlan_id": null,
                "subnet": "1.2.3.0/24",
                "vlan_id": "11"
              }
            },
            "ntp_servers": [
              "10.3.51.222"
            ],
            "org_id": "992bf4b9-c900-4850-9992-107b2f9df928",
            "port_mirroring": {
              "test": {
                "input_networks_ingress": [
                  "default"
                ],
                "input_port_ids_egress": [],
                "input_port_ids_ingress": [],
                "output_network": "prx",
                "output_port_id": null
              }
            },
            "port_usages": {
              "disabled_port": {
                "all_networks": false,
                "allow_dhcpd": null,
                "allow_multiple_supplicants": false,
                "bypass_auth_when_server_down": false,
                "bypass_auth_when_server_down_for_unkonwn_client": false,
                "description": null,
                "disable_autoneg": false,
                "disabled": false,
                "duplex": "auto",
                "dynamic_vlan_networks": [],
                "enable_mac_auth": false,
                "enable_qos": false,
                "guest_network": null,
                "inter_switch_link": false,
                "mac_auth_only": null,
                "mac_auth_protocol": "eap-md5",
                "mac_limit": 0,
                "mode": "access",
                "mtu": null,
                "networks": [],
                "persist_mac": false,
                "poe_disabled": false,
                "port_auth": null,
                "port_network": "default",
                "reauth_interval": 3600,
                "rejected_network": null,
                "reset_default_when": "link_down",
                "rules": null,
                "speed": null,
                "storm_control": null,
                "stp_edge": false,
                "stp_no_root_port": false,
                "stp_p2p": false,
                "voip_network": null
              }
            },
            "radius_config": {
              "acct_interim_interval": 60,
              "acct_servers": [
                {
                  "host": "1.2.3.4",
                  "keywrap_enabled": null,
                  "keywrap_format": null,
                  "keywrap_kek": null,
                  "keywrap_mack": null,
                  "port": 1813,
                  "secret": "secret"
                }
              ],
              "auth_servers": [
                {
                  "host": "1.2.3.4",
                  "keywrap_enabled": null,
                  "keywrap_format": null,
                  "keywrap_kek": null,
                  "keywrap_mack": null,
                  "port": 1812,
                  "secret": "secret"
                }
              ],
              "auth_servers_retries": 3,
              "auth_servers_timeout": 5,
              "coa_enabled": true,
              "coa_port": 3799,
              "network": "test",
              "source_ip": null
            },
            "remote_syslog": {
              "archive": {
                "files": 2,
                "size": "5m"
              },
              "console": {
                "contents": [
                  {
                    "facility": "kernel",
                    "severity": "alert"
                  }
                ]
              },
              "enabled": true,
              "files": null,
              "network": "test",
              "send_to_all_servers": false,
              "servers": [
                {
                  "contents": [
                    {
                      "facility": "any",
                      "severity": "any"
                    }
                  ],
                  "explicit_priority": null,
                  "facility": "any",
                  "host": "1.2.3.4",
                  "match": null,
                  "port": 514,
                  "protocol": "udp",
                  "routing_instance": null,
                  "severity": "any",
                  "source_address": null,
                  "structured_data": null,
                  "tag": null
                }
              ],
              "time_format": null,
              "users": null
            },
            "remove_existing_configs": false,
            "snmp_config": null,
            "switch_matching": {
              "enable": true,
              "rules": [
                {
                  "additional_config_cmds": [
                    "set system name-server 8.8.8.8"
                  ],
                  "match_role": "access",
                  "match_type": "match_name[0:3]",
                  "match_value": "abc",
                  "name": "access",
                  "port_config": {
                    "ge-0/0/0-10": {
                      "ae_disable_lacp": null,
                      "ae_idx": null,
                      "ae_lacp_slow": true,
                      "aggregated": false,
                      "critical": null,
                      "description": null,
                      "disable_autoneg": false,
                      "duplex": "auto",
                      "dynamic_usage": null,
                      "esilag": null,
                      "mtu": 1514,
                      "no_local_overwrite": null,
                      "poe_disabled": false,
                      "speed": "auto",
                      "usage": "trunk"
                    }
                  },
                  "port_mirroring": null
                },
                {
                  "additional_config_cmds": [
                    "set system name-server 8.8.8.8"
                  ],
                  "match_role": "core",
                  "match_type": null,
                  "match_value": null,
                  "name": "core",
                  "port_config": {
                    "ge-0/0/0-10": {
                      "ae_disable_lacp": null,
                      "ae_idx": null,
                      "ae_lacp_slow": true,
                      "aggregated": false,
                      "critical": null,
                      "description": null,
                      "disable_autoneg": false,
                      "duplex": "auto",
                      "dynamic_usage": null,
                      "esilag": null,
                      "mtu": 1514,
                      "no_local_overwrite": null,
                      "poe_disabled": false,
                      "speed": "auto",
                      "usage": "trunk"
                    }
                  },
                  "port_mirroring": null
                }
              ]
            },
            "switch_mgmt": {
              "ap_affinity_threshold": 10,
              "cli_banner": null,
              "cli_idle_timeout": null,
              "config_revert_timer": 10,
              "dhcp_option_fqdn": false,
              "local_accounts": null,
              "mxedge_proxy_host": null,
              "mxedge_proxy_port": 2222,
              "protect_re": {
                "allowed_services": [],
                "custom": null,
                "enabled": true,
                "trusted_hosts": []
              },
              "root_password": "Juniper123!",
              "tacacs": null,
              "use_mxedge_proxy": null
            },
            "vrf_config": null,
            "vrf_instances": null
          },
          "sensitive_attributes": [
            [
              {
                "type": "get_attr",
                "value": "radius_config"
              },
              {
                "type": "get_attr",
                "value": "acct_servers"
              },
              {
                "type": "index",
                "value": {
                  "value": 0,
                  "type": "number"
                }
              },
              {
                "type": "get_attr",
                "value": "secret"
              }
            ],
            [
              {
                "type": "get_attr",
                "value": "radius_config"
              },
              {
                "type": "get_attr",
                "value": "auth_servers"
              },
              {
                "type": "index",
                "value": {
                  "value": 0,
                  "type": "number"
                }
              },
              {
                "type": "get_attr",
                "value": "secret"
              }
            ],
            [
              {
                "type": "get_attr",
                "value": "switch_mgmt"
              },
              {
                "type": "get_attr",
                "value": "root_password"
              }
            ]
          ],
          "dependencies": [
            "mist_org.terraform_test"
          ]
        }
      ]
    },
    {
      "mode": "managed",
      "type": "mist_org_psk",
      "name": "psk_three",
      "provider": "provider[\"registry.terraform.io/juniper/mist\"]",
      "instances": [
        {
          "schema_version": 0,
          "attributes": {
            "email": null,
            "expire_time": 0,
            "expiry_notification_time": null,
            "id": "b0467620-8a31-4f77-b9c4-a184347db71f",
            "mac": null,
            "macs": [
              "deadbeefdeaf"
            ],
            "max_usage": 0,
            "name": "psk_three",
            "note": null,
            "notify_expiry": false,
            "notify_on_create_or_edit": null,
            "old_passphrase": null,
            "org_id": "992bf4b9-c900-4850-9992-107b2f9df928",
            "passphrase": "juniper123",
            "role": null,
            "ssid": "test",
            "usage": "macs",
            "vlan_id": null
          },
          "sensitive_attributes": [
            [
              {
                "type": "get_attr",
                "value": "passphrase"
              }
            ],
            [
              {
                "type": "get_attr",
                "value": "old_passphrase"
              }
            ]
          ],
          "dependencies": [
            "mist_org.terraform_test"
          ]
        }
      ]
    },
    {
      "mode": "managed",
      "type": "mist_org_rftemplate",
      "name": "example",
      "provider": "provider[\"registry.terraform.io/juniper/mist\"]",
      "instances": [
        {
          "schema_version": 0,
          "attributes": {
            "ant_gain_24": 0,
            "ant_gain_5": 0,
            "ant_gain_6": 0,
            "band_24": null,
            "band_24_usage": null,
            "band_5": null,
            "band_5_on_24_radio": null,
            "band_6": null,
            "country_code": "US",
            "id": "cccb4e3f-3ff1-4af5-a6bd-491f0e513709",
            "model_specific": null,
            "name": "Integration_Template_Test",
            "org_id": "992bf4b9-c900-4850-9992-107b2f9df928",
            "scanning_enabled": null
          },
          "sensitive_attributes": [],
          "dependencies": [
            "mist_org.terraform_test"
          ]
        }
      ]
    },
    {
      "mode": "managed",
      "type": "mist_org_rftemplate",
      "name": "rft1",
      "provider": "provider[\"registry.terraform.io/juniper/mist\"]",
      "instances": [
        {
          "schema_version": 0,
          "attributes": {
            "ant_gain_24": 0,
            "ant_gain_5": 0,
            "ant_gain_6": 0,
            "band_24": {
              "allow_rrm_disable": false,
              "ant_gain": 1,
              "antenna_mode": "default",
              "bandwidth": 20,
              "channels": [],
              "disabled": false,
              "power": 8,
              "power_max": 18,
              "power_min": 8,
              "preamble": "short"
            },
            "band_24_usage": "24",
            "band_5": null,
            "band_5_on_24_radio": null,
            "band_6": null,
            "country_code": "US",
            "id": "158001fa-65a7-4b2c-9fca-ed1643409613",
            "model_specific": null,
            "name": "rft_test",
            "org_id": "992bf4b9-c900-4850-9992-107b2f9df928",
            "scanning_enabled": null
          },
          "sensitive_attributes": [],
          "dependencies": [
            "mist_org.terraform_test"
          ]
        }
      ]
    },
    {
      "mode": "managed",
      "type": "mist_org_rftemplate",
      "name": "test_rf",
      "provider": "provider[\"registry.terraform.io/juniper/mist\"]",
      "instances": [
        {
          "schema_version": 0,
          "attributes": {
            "ant_gain_24": 1,
            "ant_gain_5": 2,
            "ant_gain_6": 2,
            "band_24": {
              "allow_rrm_disable": true,
              "ant_gain": 1,
              "antenna_mode": "default",
              "bandwidth": 20,
              "channels": [],
              "disabled": false,
              "power": 0,
              "power_max": 18,
              "power_min": 18,
              "preamble": "short"
            },
            "band_24_usage": "auto",
            "band_5": {
              "allow_rrm_disable": false,
              "ant_gain": 2,
              "antenna_mode": "default",
              "bandwidth": 20,
              "channels": [
                60,
                104,
                132
              ],
              "disabled": false,
              "power": 8,
              "power_max": 17,
              "power_min": 8,
              "preamble": "short"
            },
            "band_5_on_24_radio": null,
            "band_6": {
              "allow_rrm_disable": false,
              "ant_gain": 2,
              "antenna_mode": "default",
              "bandwidth": 80,
              "channels": [],
              "disabled": false,
              "power": 8,
              "power_max": 18,
              "power_min": 8,
              "preamble": "short",
              "standard_power": false
            },
            "country_code": "FR",
            "id": "6428196e-8d6e-4f7a-826b-b2df5729d274",
            "model_specific": null,
            "name": "tf",
            "org_id": "992bf4b9-c900-4850-9992-107b2f9df928",
            "scanning_enabled": null
          },
          "sensitive_attributes": [],
          "dependencies": [
            "mist_org.terraform_test"
          ]
        }
      ]
    },
    {
      "mode": "managed",
      "type": "mist_org_service",
      "name": "lab",
      "provider": "provider[\"registry.terraform.io/juniper/mist\"]",
      "instances": [
        {
          "schema_version": 0,
          "attributes": {
            "addresses": [
              "10.3.0.0/24",
              "10.4.0.0/24"
            ],
            "app_categories": [],
            "app_subcategories": [],
            "apps": [],
            "description": "the lab network",
            "dscp": null,
            "failover_policy": "revertable",
            "hostnames": [],
            "id": "ce5a8580-5943-4220-9a52-6973466eee72",
            "max_jitter": null,
            "max_latency": null,
            "max_loss": null,
            "name": "lab_network",
            "org_id": "992bf4b9-c900-4850-9992-107b2f9df928",
            "sle_enabled": false,
            "specs": [
              {
                "port_range": "443",
                "protocol": "tcp"
              }
            ],
            "ssr_relaxed_tcp_state_enforcement": false,
            "traffic_class": "best_effort",
            "traffic_type": "data_best_effort",
            "type": "custom",
            "urls": []
          },
          "sensitive_attributes": [],
          "dependencies": [
            "mist_org.terraform_test"
          ]
        }
      ]
    },
    {
      "mode": "managed",
      "type": "mist_org_service",
      "name": "service11",
      "provider": "provider[\"registry.terraform.io/juniper/mist\"]",
      "instances": [
        {
          "schema_version": 0,
          "attributes": {
            "addresses": [],
            "app_categories": [
              "Advertisement",
              "FileSharing"
            ],
            "app_subcategories": [],
            "apps": [],
            "description": null,
            "dscp": null,
            "failover_policy": "revertable",
            "hostnames": [],
            "id": "c27661d3-98bf-43e2-bcab-8963dd0c33a0",
            "max_jitter": null,
            "max_latency": null,
            "max_loss": null,
            "name": "public_url_block",
            "org_id": "992bf4b9-c900-4850-9992-107b2f9df928",
            "sle_enabled": false,
            "specs": null,
            "ssr_relaxed_tcp_state_enforcement": false,
            "traffic_class": "best_effort",
            "traffic_type": "default",
            "type": "app_categories",
            "urls": []
          },
          "sensitive_attributes": [],
          "dependencies": [
            "mist_org.terraform_test"
          ]
        }
      ]
    },
    {
      "mode": "managed",
      "type": "mist_org_service",
      "name": "service143",
      "provider": "provider[\"registry.terraform.io/juniper/mist\"]",
      "instances": [
        {
          "schema_version": 0,
          "attributes": {
            "addresses": [],
            "app_categories": [],
            "app_subcategories": [],
            "apps": [
              "office365"
            ],
            "description": "App for detecting office 365",
            "dscp": null,
            "failover_policy": "revertable",
            "hostnames": [],
            "id": "bb997ae7-35fe-48ed-bac1-9891b3e0a132",
            "max_jitter": null,
            "max_latency": null,
            "max_loss": null,
            "name": "XX-office365",
            "org_id": "992bf4b9-c900-4850-9992-107b2f9df928",
            "sle_enabled": false,
            "specs": null,
            "ssr_relaxed_tcp_state_enforcement": false,
            "traffic_class": "best_effort",
            "traffic_type": "default",
            "type": "apps",
            "urls": []
          },
          "sensitive_attributes": [],
          "dependencies": [
            "mist_org.terraform_test"
          ]
        }
      ]
    },
    {
      "mode": "managed",
      "type": "mist_org_servicepolicy",
      "name": "test1",
      "provider": "provider[\"registry.terraform.io/juniper/mist\"]",
      "instances": [
        {
          "schema_version": 0,
          "attributes": {
            "action": "allow",
            "appqoe": null,
            "ewf": null,
            "id": "4fc19ed7-8e4d-4f5f-9f6d-fefb394d9c89",
            "idp": {
              "alert_only": null,
              "enabled": false,
              "idpprofile_id": null,
              "profile": "strict"
            },
            "local_routing": false,
            "name": "Policy-1",
            "org_id": "992bf4b9-c900-4850-9992-107b2f9df928",
            "path_preference": null,
            "services": [
              "app_mqtt"
            ],
            "tenants": [
              "PRD-Core"
            ]
          },
          "sensitive_attributes": [],
          "dependencies": [
            "mist_org.terraform_test"
          ]
        }
      ]
    },
    {
      "mode": "managed",
      "type": "mist_org_servicepolicy",
      "name": "test2",
      "provider": "provider[\"registry.terraform.io/juniper/mist\"]",
      "instances": [
        {
          "schema_version": 0,
          "attributes": {
            "action": "allow",
            "appqoe": null,
            "ewf": null,
            "id": "532a1786-ba5f-4975-a7a6-eca6d1dac225",
            "idp": null,
            "local_routing": false,
            "name": "Policy-3",
            "org_id": "992bf4b9-c900-4850-9992-107b2f9df928",
            "path_preference": null,
            "services": [
              "app_proxy"
            ],
            "tenants": [
              "cctv-e.PRD-IoT"
            ]
          },
          "sensitive_attributes": [],
          "dependencies": [
            "mist_org.terraform_test"
          ]
        }
      ]
    },
    {
      "mode": "managed",
      "type": "mist_org_servicepolicy",
      "name": "test3",
      "provider": "provider[\"registry.terraform.io/juniper/mist\"]",
      "instances": [
        {
          "schema_version": 0,
          "attributes": {
            "action": "allow",
            "appqoe": null,
            "ewf": null,
            "id": "bdb49108-bd8a-4c49-bf80-3733fe686096",
            "idp": null,
            "local_routing": false,
            "name": "Policy-2",
            "org_id": "992bf4b9-c900-4850-9992-107b2f9df928",
            "path_preference": null,
            "services": [
              "any"
            ],
            "tenants": [
              "cctv-b.PRD-IoT"
            ]
          },
          "sensitive_attributes": [],
          "dependencies": [
            "mist_org.terraform_test"
          ]
        }
      ]
    },
    {
      "mode": "managed",
      "type": "mist_org_servicepolicy",
      "name": "test4",
      "provider": "provider[\"registry.terraform.io/juniper/mist\"]",
      "instances": [
        {
          "schema_version": 0,
          "attributes": {
            "action": "allow",
            "appqoe": null,
            "ewf": null,
            "id": "1ee3d0dd-6281-4fb2-b125-14a270baca75",
            "idp": null,
            "local_routing": false,
            "name": "UDP-ZERO-DATA-DNS-GOOGLE",
            "org_id": "992bf4b9-c900-4850-9992-107b2f9df928",
            "path_preference": null,
            "services": [
              "Internet"
            ],
            "tenants": [
              "saltlake-lan2"
            ]
          },
          "sensitive_attributes": [],
          "dependencies": [
            "mist_org.terraform_test"
          ]
        }
      ]
    },
    {
      "mode": "managed",
      "type": "mist_org_servicepolicy",
      "name": "test5",
      "provider": "provider[\"registry.terraform.io/juniper/mist\"]",
      "instances": [
        {
          "schema_version": 0,
          "attributes": {
            "action": "allow",
            "appqoe": null,
            "ewf": null,
            "id": "198e44b4-598f-4faa-9c79-1b16069d5a64",
            "idp": {
              "alert_only": null,
              "enabled": false,
              "idpprofile_id": null,
              "profile": "strict"
            },
            "local_routing": false,
            "name": "access-to-rfc1918",
            "org_id": "992bf4b9-c900-4850-9992-107b2f9df928",
            "path_preference": null,
            "services": [
              "rfc1918"
            ],
            "tenants": [
              "corp_datacenter1",
              "corp_datacenter2",
              "core_dc2_network",
              "mgmt_datacenter1",
              "mgmt_datacenter2",
              "corp_network",
              "mgmt_network"
            ]
          },
          "sensitive_attributes": [],
          "dependencies": [
            "mist_org.terraform_test"
          ]
        }
      ]
    },
    {
      "mode": "managed",
      "type": "mist_org_servicepolicy",
      "name": "test6",
      "provider": "provider[\"registry.terraform.io/juniper/mist\"]",
      "instances": [
        {
          "schema_version": 0,
          "attributes": {
            "action": "allow",
            "appqoe": null,
            "ewf": null,
            "id": "41109c54-9847-43f2-b813-f58450e562b2",
            "idp": {
              "alert_only": true,
              "enabled": true,
              "idpprofile_id": null,
              "profile": "standard"
            },
            "local_routing": false,
            "name": "Guest-IDP",
            "org_id": "992bf4b9-c900-4850-9992-107b2f9df928",
            "path_preference": null,
            "services": [
              "guest-internet"
            ],
            "tenants": [
              "guest"
            ]
          },
          "sensitive_attributes": [],
          "dependencies": [
            "mist_org.terraform_test"
          ]
        }
      ]
    },
    {
      "mode": "managed",
      "type": "mist_org_setting",
      "name": "terraform_test",
      "provider": "provider[\"registry.terraform.io/juniper/mist\"]",
      "instances": [
        {
          "schema_version": 0,
          "attributes": {
            "ap_updown_threshold": 0,
            "api_policy": {
              "no_reveal": false
            },
            "cacerts": [
              "-----BEGIN CERTIFICATE-----\nMIIFnTCCA4WgAwIBAgIHBfyZT9pPxzANBgkqhkiG9w0BAQsFADBmMQswCQYDVQQG\nEwJVUzEUMBIGA1UECgwLRm94cGFzcyBJbmMxGTAXBgNVBAsMEEN1c3RvbWVyIEVB\nUC1UTFMxJjAkBgNVBAMMHXN0YWdvbmUucmFkaXVzLmZveHBhc3MuY29tIENBMB4X\nDTIxMDQyNzA1MTUxNloXDTMxMDQyNTA1MTUxNlowZjELMAkGA1UEBhMCVVMxFDAS\nBgNVBAoMC0ZveHBhc3MgSW5jMRkwFwYDVQQLDBBDdXN0b21lciBFQVAtVExTMSYw\nJAYDVQQDDB1zdGFnb25lLnJhZGl1cy5mb3hwYXNzLmNvbSBDQTCCAiIwDQYJKoZI\nhvcNAQEBBQADggIPADCCAgoCggIBALdhq+AcZhsem5QGxGgXDMKUJxR+OPn3unvw\nyx+Hif/QVlZqHzpmw2biTz5qPkNS6+F0fu932vEnGUL5SfbagW+XKHtCM5NbfFeP\nlYlkZzifmljjaFG1BlnfdV4Zk79HBFWsI4CyLLer2bIJgjvWdLiaVnu/yOeiMCWU\nIPtQN5GbQf2TdlJv24AoFIZ2s6I7e30wrc1Yy4RH2i/LARfi0FWWxeuE9lD/Gk1n\nXCHiBZDRCoAmszmB466senLYPOdYg6WrlTFo7+C/ddrI4JDjHMJuK0SVM76uWrVd\nv2oOQVcCB8RqAz18424NURCbvJpd4rdX9n5wne/m33GNknNkHKz82SRDeUJPYQV0\n7D/eTIAtD9LRhizS/UD2DQkfYrWr/YVNU0KkS8FGeByjAAYiDKhuRHpqB6au8HPM\nj1+KLOPDlan5hl1SSu/lCtBSYKZgfA7S4fcWz27+NfAZR8fjy1kfWIPn8QGAc5uD\nOhiER73I5bPQBr6RLpQ1PxDHvO//JOt/ejd7aEi+DpK5GuwFxD0FmLWEQcyKkjUD\nhZijNtJRie08q/yhKySTlkr4fxeCR56p1DlB1S15myPILCUZMiHMm0ll9UAzYatT\nBTY/hyNkZUePtllOZXLvU1YUJIzlzpU+Kr45+hO5a0gLwoDHoidNxTK5TOx4KkYe\nrx9RtFprAgMBAAGjUDBOMB0GA1UdDgQWBBTaOaPuXmtLDTJVv++VYBiQr9gHCTAf\nBgNVHSMEGDAWgBTaOaPuXmtLDTJVv++VYBiQr9gHCTAMBgNVHRMEBTADAQH/MA0G\nCSqGSIb3DQEBCwUAA4ICAQAYt2Sg3fkXYo2/hke+gNA92nXHXZXh+xupOg4I5f0Y\nh07Y/I5uZKU5uUV33ls7BrLBQm9J47kncB5XiRLJR0fWAHEAA8FaoEw44mnyIn0N\nNxbfDayIFbUzShMD7GqIBNMd+R9WqhXrBwFscWHB0idHRnbY93sxuIRY+NnYNhDK\n20J0wU2cPkzCT/rDWbcE2gCS5OTasUCvndrSQBSKobKU6JIia0hxRu6gekbIr36u\nXIaxiRKv+N7xLgEXfImITcxF/YS7TWa98ZiaHWTvRArUxmBjitPerTXXMNvWxF0K\nw7+K3piKkD2tvEpTAYNcVAexE6ElTHYvKIvYaYlZ4qyoLSVxzkiXBrsPyiAGsELQ\nWazQlfdxk0vtulAcyv3bmXsGqjxTxBQ5fPZ7wYMJQfa1jW55Fz6osmphWbRuj6Ht\nCenlr8+3KqkwmR5fCHmcaY2CuJzx1/ClhH4dGplztI4MhCVnAplSwCxOjV0xcFj9\nWu1nheb8M9mTWX3/4vkopWBnxs8rYelZZ8XsVjW+L7vtSLSpiHjI8wMv+441g+Qp\nFJ+I/xoOXn3LT9+dfTZw+QnAHF4Yz3hhphZYS0XR9BgRZLsufuKU3pHmIbmnDNed\n+B814wVglGU6pVfjx7m+l3NcuLq0LszWHGcSRbpTduch7u24yQ8Y+VWg/RgNZHzM\nZw==\n-----END CERTIFICATE-----"
            ],
            "celona": null,
            "cloudshark": null,
            "cradlepoint": {
              "cp_api_id": "4bab0b43",
              "cp_api_key": "e5db30aa5bdd392153771edfdd54fc88",
              "ecm_api_id": "2e0c3b2e-d56b-4db1-8842-549e8146fb03",
              "ecm_api_key": "9b4824dc007b07f299f5a08708cd0d6d1c030337"
            },
            "device_cert": null,
            "device_updown_threshold": 2,
            "disable_pcap": false,
            "disable_remote_shell": false,
            "gateway_updown_threshold": 0,
            "installer": {
              "allow_all_devices": false,
              "allow_all_sites": false,
              "extra_site_ids": [],
              "grace_period": 365
            },
            "jcloud": null,
            "juniper": null,
            "mgmt": {
              "mxtunnel_ids": [],
              "use_mxtunnel": false,
              "use_wxtunnel": false
            },
            "mist_nac": {
              "cacerts": [
                "-----BEGIN CERTIFICATE-----\nMIIIojCCBoqgAwIBAgITaQAAAA4ZVhqPIAs/ywAAAAAADjANBgkqhkiG9w0BAQ0F\nADBiMQswCQYDVQQGEwJVUzEdMBsGA1UEChMUSnVuaXBlciBOZXR3b3JrcyBJbmMx\nNDAyBgNVBAMTK0p1bmlwZXIgTmV0d29ya3MgUm9vdCBDZXJ0aWZpY2F0ZSBBdXRo\nb3JpdHkwHhcNMjEwOTAyMjA0NjU3WhcNMjYwOTAyMjA1NjU3WjBWMRMwEQYKCZIm\niZPyLGQBGRYDbmV0MRQwEgYKCZImiZPyLGQBGRYEam5wcjEpMCcGA1UEAxMgSnVu\naXBlciBOZXR3b3JrcyBJc3N1aW5nIEFXUzEgQ0EwggIiMA0GCSqGSIb3DQEBAQUA\nA4ICDwAwggIKAoICAQC8aPpLWDuPrNm0pPULwgzhCQYTReZNUZGIOK0fD6YAmwpy\nrY9AhFaGs0FJudBinT/LWg084OPQAWU8O2U8g6oMJvDyFRrE1O5nD9zJ0fs84A0u\n5q507j1i+Emvqj5aaPKZnggvPd3dNey9qn1WU3ElJK5jM6CfwSfu8cBHCRwpBUkb\nnvK31YZb8w6dQhQ9Gr292s6wzCjWryHO/EMa6wwxk7mtCKi0EfUascaaqLl35qun\nsSjQDYuNWPhVQ2Qhlse58+2Eb65q94V5S2wIfP/gmJ/kWCYeacWaS0MUy7FOCpDM\n4MHWJZPWMe72Om6XhMAebfJohejs4yHCbromjK9r1eeqyRnmUXkJmmF2ZfZ9RhLn\nBm86Q7uWpb3boupNNH4azsqeQBXfVUldZAATR9q1J2BBZd7Ox1DoroDZ6VVZUq9j\n4cR6DMnSxZc8+4TfDxQpfVnz56JEyDYOUEzjDTyRGIqx0CI5fhBMg11ey5LkO11C\n12sxgLLmCp+J5S6gziInAF+g45vBMWvn/N7oDgt1ubd6ZN/sIhjPeHT+AqErlfdQ\nurqpToQpM4WdKCFbi58boFVmVHVAN3pxDxoiqiI2qJO/Vm1ozyncEDDIvg6cTMLz\nhu3tQ3qg/tlee9ftjr3F49M9H5t6Cvona74GLPRwkwBvroUQYcpEh9ajzDll1QID\nAQABo4IDWzCCA1cwEAYJKwYBBAGCNxUBBAMCAQEwIwYJKwYBBAGCNxUCBBYEFBTa\ne+zk8uL7fhg+C4ubfYLIkeBnMB0GA1UdDgQWBBQfQbpi/2hX99sRJIirVNh7Lagi\nuDAZBgkrBgEEAYI3FAIEDB4KAFMAdQBiAEMAQTALBgNVHQ8EBAMCAYYwEgYDVR0T\nAQH/BAgwBgEB/wIBATAfBgNVHSMEGDAWgBT8FKc0zZCXqoGVmvg0uqkFY8Us4jCC\nAVEGA1UdHwSCAUgwggFEMIIBQKCCATygggE4hllodHRwOi8vY2RwYWlhLmpucHIu\nbmV0L0NlcnRFbnJvbGwvSnVuaXBlciUyME5ldHdvcmtzJTIwUm9vdCUyMENlcnRp\nZmljYXRlJTIwQXV0aG9yaXR5LmNybIaB2mxkYXA6Ly8vQ049SnVuaXBlciUyME5l\ndHdvcmtzJTIwUm9vdCUyMENlcnRpZmljYXRlJTIwQXV0aG9yaXR5LENOPUNBSk5Q\nUlJPT1QsQ049Q0RQLENOPVB1YmxpYyUyMEtleSUyMFNlcnZpY2VzLENOPVNlcnZp\nY2VzLENOPUNvbmZpZ3VyYXRpb24sREM9am5wcixEQz1uZXQ/Y2VydGlmaWNhdGVS\nZXZvY2F0aW9uTGlzdD9iYXNlP29iamVjdENsYXNzPWNSTERpc3RyaWJ1dGlvblBv\naW50MIIBSwYIKwYBBQUHAQEEggE9MIIBOTBlBggrBgEFBQcwAoZZaHR0cDovL2Nk\ncGFpYS5qbnByLm5ldC9DZXJ0RW5yb2xsL0p1bmlwZXIlMjBOZXR3b3JrcyUyMFJv\nb3QlMjBDZXJ0aWZpY2F0ZSUyMEF1dGhvcml0eS5jcnQwgc8GCCsGAQUFBzAChoHC\nbGRhcDovLy9DTj1KdW5pcGVyJTIwTmV0d29ya3MlMjBSb290JTIwQ2VydGlmaWNh\ndGUlMjBBdXRob3JpdHksQ049QUlBLENOPVB1YmxpYyUyMEtleSUyMFNlcnZpY2Vz\nLENOPVNlcnZpY2VzLENOPUNvbmZpZ3VyYXRpb24sREM9am5wcixEQz1uZXQ/Y0FD\nZXJ0aWZpY2F0ZT9iYXNlP29iamVjdENsYXNzPWNlcnRpZmljYXRpb25BdXRob3Jp\ndHkwDQYJKoZIhvcNAQENBQADggIBAGxmZ/rZicA8OVK+6qg1ikQGnMQp7iMEKVg5\n+tKiltwoAPrngFYYS/3bOtP0EjUfxUZkdkJncoSUUgjhs9E+SdUTNg7o0LtCL4lQ\n+CTcKPBJyKl5q40D2Zsmnegh4TADSy/t16yxJQtVHqjzuImr4f821UL0JaEwukXg\nO2MWQrsSbb481KSVE6hvv1aGqFZKH8XXEX0rxOc3tdVCclDZwmIbZysxQn2tERu7\nBg3fAnI1xUNFUhv1+7MHA5KIazBYxMVJWgtXJ5g81jBHN7meqvqYhT8scHyPsux6\nbiG/pctnEFwd3e1VotPxL4WzwYp2qfqX48+oeN9Qeeij+7vrtFATPnWsD5vDSCC0\nCKDqnvpVLmnbqKAK9UC6DpaPg7uf2C7rQl6SqzOjcyfORKqkZr5QtAbbX8eNc0iB\njqkX6m8+dOwEqcjuGV95PzEOk6jIqkO9O4lP2yx0EEHG08/itQ+UNc5RH6hCtaQT\nAwO0jTzJKdl1dHMNcvNFphHJqixO8pW1uwUExteExCx2gvKBa0n5pddXNBnmS5wv\nZMy2iYqjAR8r14hvI5TSjHlEMTITf4GS0DYWL+pkyVVi7Im5xjpNJ3rEfRSKQGhx\nKfdsZ5G6dAFisxgiZnqIkkCbB+ZJY3Fl6RaReqvKJHBFcJlnRtWrfsd1Up2A5RYd\nFZuetE3D\n-----END CERTIFICATE-----\n",
                "-----BEGIN CERTIFICATE-----\nMIIFojCCA4qgAwIBAgIQSkpzWeMzg55AjLh7Mx11ajANBgkqhkiG9w0BAQ0FADBi\nMQswCQYDVQQGEwJVUzEdMBsGA1UEChMUSnVuaXBlciBOZXR3b3JrcyBJbmMxNDAy\nBgNVBAMTK0p1bmlwZXIgTmV0d29ya3MgUm9vdCBDZXJ0aWZpY2F0ZSBBdXRob3Jp\ndHkwHhcNMTYxMDI4MDE0ODQ5WhcNMjYxMDI4MDE1ODQ4WjBiMQswCQYDVQQGEwJV\nUzEdMBsGA1UEChMUSnVuaXBlciBOZXR3b3JrcyBJbmMxNDAyBgNVBAMTK0p1bmlw\nZXIgTmV0d29ya3MgUm9vdCBDZXJ0aWZpY2F0ZSBBdXRob3JpdHkwggIiMA0GCSqG\nSIb3DQEBAQUAA4ICDwAwggIKAoICAQDTWXp1qN5eglLo58vjRw4jwz7OdESkxw5U\nNL2SBlE5TMPXarFVtfRnms9OYOwhNZvTd9Jh4lnZ1h7RMEFLw/9C1RysVKINxbXa\nhC1WSZeS8gnwcXnzhxRPdjZqnjl0DrYhMMuNhA+EzzIOArti+lJAvD29JnX3ItIC\nD+vwLptct0ZX8Z4gDv/INggLDUl1gXf0bfB3rAIZsDI+4ArWywt9xDZPRIL0refs\nowBL5pQ8OdMpRAwFSHhekSA+M3auFBdPsPdoU8kSQvbVvtZqPrRaSw601rRNIgdP\ncywVDA5OnlKQ4qxaAsREe0v1QN5NElEV97wXW2A6ujIq65dSCgFIODX6/wdxMXOd\n9vuKwuB5FiTPHFX1E/kb/p38KEYg672Ma6hjOWCOPDQKXsoMje8Ms3MDQPncllIZ\nkgirLBWfHnFpQbTNBZg2Vvnhzs0jrUz0WdSvmYHS1no2dK41erJmFzE8niL8xWE7\nrmFfX9ODzfg2wkQIcDmuQ2kaQUx+Kj7aGBLrY12Wy6QipOv1w6EI5I/7P6I1X5ku\ntCsVeGKNt/pNFXKEKqmQx0sjrewZqUOxYnMl3CgGfMT1m7M0hnw9uErO0J/DxcSP\nAb1rXvKVI65B0XUxIxiX6cuO2TKA0xgkoPfe/3QWP8vxkU/tFPsC3DFY+bJ2bV47\nSriO3YOEkQIDAQABo1QwUjALBgNVHQ8EBAMCAYYwEgYDVR0TAQH/BAgwBgEB/wIB\nAjAdBgNVHQ4EFgQU/BSnNM2Ql6qBlZr4NLqpBWPFLOIwEAYJKwYBBAGCNxUBBAMC\nAQAwDQYJKoZIhvcNAQENBQADggIBAHqQ+fMN2O2zZaj5Oj7AGQz8sOO/s2itxjdM\nNAJM3smFH1uXg6mre/qUaJKOLHcCJ6wa8Z+CYLz+3L1XLPPpcm78qVp6DtMBkQgu\nLdDOahXet4mfKIe96z1AouwSyJKhMStFiCzVeA229quuxoXDKELSpJLbhtaR3Kde\nLbM1RjMbFbVbg3xLm2k8oOGtmGFSbSZhy7sT4WLMHYALct1GgEoForkLSbveVfiX\nIgaIa6NXhOqYn7lcYxorVP5Z8AZzbdwMZ1UfoEV/sZkfJHUfsgh/ctP/EB0qXK6k\nOIWagncZpu8WHDYk8S/sT0ufbcISMaBjWuEuRz9GRcoN47EKHiTpDtBKbm5yZRMd\nz0pXLfQUvkityW80LCIJo+fRPduuKfI6o2OUie3ObZ8tbGuXIMZTzwRju9wOBk4H\nSoFV6QIebM808EEpUn1sUPKBbYyqvFMaBDxwzp1wIcPY2oOLf+K9MSZyaU48DJux\nFD4T/ZIjAQ9sR0uzJWM46sgjTc1Ctj+iAcI6DaFXNQGdwqKeA+KJJbEmoP70TIMp\nsqIlOKETn1IGunweyZ5dcl5Fj13ieiE0JpldD0R2uHcuwvjgqGrFBj29LhIDFkvI\nvIrpVyMmoOAhmQgNDgtB/L2LPNqnJPTZTxgFQeK+YnVwWOe2SMxuEzeijf/tH3TB\n6qsgP6NI\n-----END CERTIFICATE-----",
                "-----BEGIN CERTIFICATE-----\nMIIFWzCCA0OgAwIBAgIQP9LU9jzqnLlJDLkiViyp4zANBgkqhkiG9w0BAQsFADBA\nMRMwEQYKCZImiZPyLGQBGRYDb25lMRQwEgYKCZImiZPyLGQBGRYEc3RhZzETMBEG\nA1UEAxMKc3RhZy1EQy1DQTAeFw0xOTA5MjUxMjAxMjBaFw0yNDA5MjUxMjExMTla\nMEAxEzARBgoJkiaJk/IsZAEZFgNvbmUxFDASBgoJkiaJk/IsZAEZFgRzdGFnMRMw\nEQYDVQQDEwpzdGFnLURDLUNBMIICIjANBgkqhkiG9w0BAQEFAAOCAg8AMIICCgKC\nAgEA1LBkXVV7A2rOhqm4X1L9ImC/0ofpF1RVHlGlDwfhIem7cqOLKpth/E34jyy+\n3azPwjv4uDWnYB6ZpUezvlHVt6W9h76C5zASP1xSnoAsNW2daJo8XmX9ajovz3R0\nUzG8Ds0ewDqkCRYIF/lyBo01ycbHV1Y5BNTzgqzX9jvQ7ZievURhwqjeikibXpA9\n5R8fyqsWz+Zj3oOuL02Ovcjs8k1+8jdzRPI9dI+jr/1LJtB0pXkQFAekuGLWo08z\nbecU4emmW0/sk1GMaLxGbUoNtnv7OYbsAefYOb6Evu4sqSI2UHADxYQiMWBII7wX\nGg5vzMfhWffp57ZxXkGGdNo9E7ozC7cKFVIDBbHrmqdAFWQ++TRTkv30ROU6w18w\nM6+3hGduqOdfaKdGXy8PBnZl/P54pUW9bPy57e3eEFWBKXh5+SMN3mQCGn03zojt\nZvS4VuowXBZIAG0zHQxByiARvF9RTcu+07h5Fz+rOmUxou1VsyINLY8w35Xr+MGl\nVbDiRVqD/VCaf0h/fyc2O5WVCQGjoZ9KgVWKC8JA58XwkodRlRcBtKcUV6cWrBKF\nu30ytBK45MTHO6jTS7jcHDtevJUK5JcecgcN3Sg/+vad4dw3eUdZC2mjQdk/Scv0\nb4LsrUhGS0EqTcr2NjKgdMjT3zxIgMwX4CbMxIG7MwuozvkCAwEAAaNRME8wCwYD\nVR0PBAQDAgGGMA8GA1UdEwEB/wQFMAMBAf8wHQYDVR0OBBYEFHUMeFVdvceaasAc\ngfeHRh/VvcMbMBAGCSsGAQQBgjcVAQQDAgEAMA0GCSqGSIb3DQEBCwUAA4ICAQAk\nF8gh7eH25xaDTeAoRUHTmVrWKfkdZcVm2mx+XG9NWNbw18fp0yn6mUfmYEUpcHez\ncXr9/ZyxKK12arnvamv53iX/ltYsOO335kDvvQFsT9hZc2oAvnUAuPFL8ncVsJw9\nIWcCduI1/71s7YQgUWfnIKPzNhhe0IW4HxQPyhyar5hoK0KDzdCf+RMGkyesskge\n2i6B/7kYK6F50B99bb05jRROLlhaBUOVaNARSKvSUOPjCFxbI7PIB5lSkKGR++RU\n9rSe9e/qTnFhNr+L55zCh/JEKUTMIjY4EKyc2Y0kHny9iVXRXVsoosvoeocz+WtR\nlXV96XHrNSkouobcVeWb7WDY4eXwb5sB2dPNeCVPhq95yBR8Ic0OqsQvJztI8F/1\nWhulfW9emwZk+bVBlsoFqhfLQtHfyXwhp4zKNYzYv09yzXQd8uXP6n4vrhXP6K4b\n1NNHWRntF9Cmuxz+HyqBsjHLEcmBy5njvLCYjYf4V2Fh48Xd9cieS5AxWdEJSW7k\noTN4bRa7qMtygGwMsZZw2FGbVaX+drNWw0njUlAPFpBckepWEmk6IwrwWCcbb+PB\nTo9iU9gjWwe2b0JGd2Meed9IcF80+oGMhxdEiFu6ZBo+E9MlegOQtluKypzlKSf5\ndSpW/jfrsM2iR+fp1ixqqZKBmcABUCryN2BGmDH93A==\n-----END CERTIFICATE-----",
                "-----BEGIN CERTIFICATE-----\nMIIF1TCCA72gAwIBAgIBATANBgkqhkiG9w0BAQsFADBbMQswCQYDVQQGEwJVUzEN\nMAsGA1UECgwETWlzdDEOMAwGA1UECwwFT3JnQ0ExLTArBgNVBAMMJDM5Y2UyMDg4\nLTFkYmUtNDM0Ni05ODdhLTFhNWE4OGJhYjVlZTAeFw0yMzA3MjAxODE5NTJaFw0z\nMzA3MTcxODE5NTJaMFsxCzAJBgNVBAYTAlVTMQ0wCwYDVQQKDARNaXN0MQ4wDAYD\nVQQLDAVPcmdDQTEtMCsGA1UEAwwkMzljZTIwODgtMWRiZS00MzQ2LTk4N2EtMWE1\nYTg4YmFiNWVlMIICIjANBgkqhkiG9w0BAQEFAAOCAg8AMIICCgKCAgEArreBVg9a\nRjLCJIxuQqgTBvmVRoE2WOWIayfsZGJsJTnPhLeb1BuLXcwrsFZGY1nn/hgqeXvL\ni5ZJVyPCjH9YyXGodsQiVAhAxt4IBXKhItjxoTRok6g2WhJx6S2NC3J9iVNZsSAR\nC5gM5kxOnZ3QgWKAV6ecZkAtzzDMWiwLqhtRKDBi+pzqt+A5j9OLYiyKdj8aMAcI\nHYXdEYCdn0YibDMQNLnc9ADM2a3wAq4DIWqtXDH7DEGU5CMAo4RACPP9VZLLUVMm\nN6HyLVX1ff07Nc2AxXsYZo8L8oDeWnPCdY4FBCMtIyZ8TY2ZnpiDVx4vTDXhwp8Z\nRWj5V4ij7b0L7v3Ej8zIGZj+gsOYQEXkVArzNu20XERiPqX2H4O+ayCrzN874WfM\n5KVGpsyrZeUbeb3aBtBpm37JrArp6zZpfxTI+IJag/OYA9XK1xi0BRclDf+CENho\n462rWBB98t3yvXuog8z3iHIUtWcPon/+A+tWwGUGCa2/QabOjPfb7DREgIKdZpXz\nMAke70ILjEH+iFO5mh1xhCTbkhzIHaXH9QHPVd/caQd16OEK7GdMPjnYnVZPiav2\nPHs4zgAKareKdhVP+KrWJT5mmSTMvyA0i9a1cBtBvmX29DZyq+ZAQ611D6WzPlzV\n5YAPULcD8tA/J/o6V7ejSJ4ekTWTZOc/K/kCAwEAAaOBozCBoDAvBgNVHREEKDAm\ngiQzOWNlMjA4OC0xZGJlLTQzNDYtOTg3YS0xYTVhODhiYWI1ZWUwDwYDVR0TAQH/\nBAUwAwEB/zBcBgNVHR8EVTBTMFGgT6BNhktodHRwOi8vYXBpLmV1Lm1pc3QuY29t\nL2FwaS92MS9vcmdzLzM5Y2UyMDg4LTFkYmUtNDM0Ni05ODdhLTFhNWE4OGJhYjVl\nZS9jcmwwDQYJKoZIhvcNAQELBQADggIBAKXeTdOJ95kGImhkhokFstGNfTSL2mEr\nXTfqpri6yLmKOwn4U+ly1eZD58TxiyFmA/x7Q3r6UvpRL0tX2kntJ+7j8QLbxhnw\n4Mtwz5D6B2fBW9DDyq7VktpWgxIOaQrLnfJRvtwVdUCyEI6759CQOo3uNmBkqLaP\nALPos+Zq6VGNAbWdXEob9NSq+PrPtetQYuKH1u/fi/u36aZXSGEOHrreixY6RW/h\nxJPeTtn+wyYuK2JDXgANXJbsKUsKZtSGIqbS2SD2o+ePbwKkTtXVgEnqAXe0X0t4\nADcQ8f0FVDcRBs2RRNEMk1ty4hF0k6GrLxU3KRFvXvgeCS2a93wEWDMlUvaXm63q\nMNcR7KZZeAgiwlM5EDPnxftO0wFsgUZvFeqoPS+GpsR1p5g6s852WwQmkguW5Gqe\ntfObJOBx55XuwfmXR4wDwJKf9DvwCEn3a0fkKmslcRxBMaJydEDvUAxU025Ax5Gn\n1mRxjo8Y2CyBS9p/l+/chYeXr9ieMy+QBmEALCvQ2o+1OlABzXyn9QMsqYd+sWzs\nlnCilZL4DzabYqH3i/J7ryHQbhtDoeELK46EjS2sINohWRoJodcQCAjRkGBIwv0C\n279A891PzgljfdrGcuQ0WCtBJ1KZvUAqxvRR2wcSrS+5rmAyyc6zBUI/LvjtDExp\nbo5YxN39uE+y\n-----END CERTIFICATE-----\n",
                "-----BEGIN CERTIFICATE-----\nMIIF0jCCA7qgAwIBAgIBATANBgkqhkiG9w0BAQsFADBbMQswCQYDVQQGEwJVUzEN\nMAsGA1UECgwETWlzdDEOMAwGA1UECwwFT3JnQ0ExLTArBgNVBAMMJDIwM2QzZDAy\nLWRiYzAtNGMxYi05ZjQxLTc2ODk2YTMzMzBmNDAeFw0yMzExMjMwODU1MTRaFw0z\nMzExMjAwODU1MTRaMFsxCzAJBgNVBAYTAlVTMQ0wCwYDVQQKDARNaXN0MQ4wDAYD\nVQQLDAVPcmdDQTEtMCsGA1UEAwwkMjAzZDNkMDItZGJjMC00YzFiLTlmNDEtNzY4\nOTZhMzMzMGY0MIICIjANBgkqhkiG9w0BAQEFAAOCAg8AMIICCgKCAgEA0CLyOHkQ\nIeO9IkU0Mjb4XMkn9rHnOFM1orDQHss7nrH74FiQnPAb+oZhMOspGLd4r1Z4QFw1\nB1BMuRd7YzwuDl5evlEoNNFPaAslFHPyFPdqLHTNPyBSnmQM/7cCoqBT3JgMolQk\nM/XgNVHvWCW8dbtNmrWMdtcH9xZ3q4P/Z3+PHeMMZqgi0e79yRFUE/B77wCbubZ0\nEtApXK0HstK0a5dZVV2nph376UW8l5oCzHlUoMI1d3QogFtPsYUxCcqojabLU3h2\nVoRLpRjzPX7norDzSNFqYgM2355uih6PFsjy9Zl0U73E2Rzxu7hITosJbuuTEolZ\nAJ41vHB9vulx1fhNU0aA91BJ4t3e2BCHu1V8LwVtuBYrVeSRJwj19APmzEndzwv1\nWVyWdR9AzMNChz5jAzIJZShVMG3KiB0gBCoZuhbvopVerZCpMAdE8THhtWrRUpv4\niIPe4jjfJEjazWSYNaqhsnonMr9el5x4BPlpoQSO+LkdJW7hjlbanrDyu1EVsIwg\nTGPDttXjjU5IrMiPjAZy5bBnzwfjB0fJ7aGrAmxK7jDnuBjggQ6apNf68YkoVXNJ\nomV4vFawVQ/qykyXxoxom3MfBn/lcLod5+ALX3ukjdkfjYR8M7F1rERekklwC34z\nfhzaDtYSRyVn9+HOATjBKWMzGXGC6zicyvsCAwEAAaOBoDCBnTAvBgNVHREEKDAm\ngiQyMDNkM2QwMi1kYmMwLTRjMWItOWY0MS03Njg5NmEzMzMwZjQwDwYDVR0TAQH/\nBAUwAwEB/zBZBgNVHR8EUjBQME6gTKBKhkhodHRwOi8vYXBpLm1pc3QuY29tL2Fw\naS92MS9vcmdzLzIwM2QzZDAyLWRiYzAtNGMxYi05ZjQxLTc2ODk2YTMzMzBmNC9j\ncmwwDQYJKoZIhvcNAQELBQADggIBAKnfUNKE2U09i4RfEltOJc8cGK85yS4GhRTh\nPCtSKxY0iYiIs+m+2d6vkWbZXEeGjaZPdjQh8ixoZMAu1L6rtWqp2qzpmSxXn++w\nZkuMTHGn8vFXUSbb6CTFdB3SHzGsp17JJVfFhvshoZbpRP+d4cSACJvp0cy67JFN\n9QGvsPTyIZSClhUWYX7iYe4VW11s2gS982FMGwQdr5OR1DHmvNHGBuP/uHhW95D7\nTGqe43c/0AdVjQn1VYnavVScqKERCYh/uIZ+hSbpY7INR0t/nj4n+XBjpjIiQPVJ\nkeumCKVHaE0GHhV2Q1DbngU+uuk/K023xQima9kNn0TbgtFjVuH4Ip0Y8QSH5WVR\naV43oc+keqnirXcJqjwF1z5hVpQZKG8P9ZcEoJkA1JHo04J64lJ2auBUHFQlWJ1g\nEmoS+VT6/wR2Eiflc65ZONZ688ckbLRyioak3tDxUV/nJQfFMuaQASJGjaOod4iJ\nCN0b2g6tEKuA6nMLiKVpQpfo3bHHipZ2dtj9VFA48KPHftSpjJTsmWJvCdMYTr3f\nYaN6uRgV45iqUfO0fcxiGcS9W2EfIlR9Jsv2uoBYSqbXPFc8t1hOsezyOvjNqcR7\nV02f1S5kOfmTdbnp2e4aFpUFy73tZQ+MXMFe+HdabgVlRoVmGSKjE8Wu0/nXOhKA\n90aXHpbz\n-----END CERTIFICATE-----\n"
              ],
              "default_idp_id": null,
              "eap_ssl_security_level": 2,
              "eu_only": true,
              "idps": null,
              "server_cert": {
                "cert": "-----BEGIN CERTIFICATE-----\nMIIGXDCCBESgAwIBAgITbgAAAPhdWS1GxAK1qQABAAAA+DANBgkqhkiG9w0BAQsF\nADBAMRMwEQYKCZImiZPyLGQBGRYDb25lMRQwEgYKCZImiZPyLGQBGRYEc3RhZzET\nMBEGA1UEAxMKc3RhZy1EQy1DQTAeFw0yMzAyMDYwODE3NTBaFw0yNTAyMDUwODE3\nNTBaMF0xCzAJBgNVBAYTAkZSMQwwCgYDVQQIEwNJREYxETAPBgNVBAcTCE5hbnRl\ncnJlMREwDwYDVQQKEwhzdGFnLm9uZTEaMBgGA1UEAxMRbWlzdC1uYWMuc3RhZy5v\nbmUwggEiMA0GCSqGSIb3DQEBAQUAA4IBDwAwggEKAoIBAQCvi1GzzI0FjjqHQinL\n/cFXSVH8a2IQoGF7zdmPkDWlEil7Sbhz7DkPyZhNe6jSpr/fMPjstMs/eyt9CCFW\nqvtByR2iBTkN7I3LeURM213Q1HotFK5Cr6P0xMfdGOQXQwjQ+6X3twiJo3+e2uJ/\n+hv4zjvUX3rFrFQwjE6Os4SH8B1AgJaQ+jq65Q6u0bGyznZozjRE2O1V7lQM1K3q\nEbWBOQb66CPB/1xXK3NDbdHtPbP8pihvaU7aSmDsuOPVQggRWvP7Y87eUf6m9+Dn\nIwww9huZabHsy2+tHtQCpIfY6bMqlstpVfik0vVfh+qE8O6nfzvySrMrWIlozMSu\npWPlAgMBAAGjggIwMIICLDAOBgNVHQ8BAf8EBAMCBaAwHAYDVR0RBBUwE4IRbWlz\ndC1uYWMuc3RhZy5vbmUwHQYDVR0OBBYEFPR07EguUUKQx6Fzb6c53q7HUJ1wMB8G\nA1UdIwQYMBaAFHUMeFVdvceaasAcgfeHRh/VvcMbMIHHBgNVHR8Egb8wgbwwgbmg\ngbaggbOGgbBsZGFwOi8vL0NOPXN0YWctREMtQ0EsQ049V1MyMDIyLURDLENOPUNE\nUCxDTj1QdWJsaWMlMjBLZXklMjBTZXJ2aWNlcyxDTj1TZXJ2aWNlcyxDTj1Db25m\naWd1cmF0aW9uLERDPXN0YWcsREM9b25lP2NlcnRpZmljYXRlUmV2b2NhdGlvbkxp\nc3Q/YmFzZT9vYmplY3RDbGFzcz1jUkxEaXN0cmlidXRpb25Qb2ludDCBuQYIKwYB\nBQUHAQEEgawwgakwgaYGCCsGAQUFBzAChoGZbGRhcDovLy9DTj1zdGFnLURDLUNB\nLENOPUFJQSxDTj1QdWJsaWMlMjBLZXklMjBTZXJ2aWNlcyxDTj1TZXJ2aWNlcyxD\nTj1Db25maWd1cmF0aW9uLERDPXN0YWcsREM9b25lP2NBQ2VydGlmaWNhdGU/YmFz\nZT9vYmplY3RDbGFzcz1jZXJ0aWZpY2F0aW9uQXV0aG9yaXR5MCEGCSsGAQQBgjcU\nAgQUHhIAVwBlAGIAUwBlAHIAdgBlAHIwEwYDVR0lBAwwCgYIKwYBBQUHAwEwDQYJ\nKoZIhvcNAQELBQADggIBAEArEXJUjR7dXH53DAP3d42gc5fiHewn+XAHWFZJQNyy\nmOqGaDEleoK6indtgF17jl8rRZ+54GxaMoc1/snXiKsKfRNxdHohbEEMVje+M0OQ\nvQvDirP7gcHcUzvjMXLD6ElMGcAzOkzeJAntp0XZKFhk1rhEQMtxxEpqtx869ivK\nEVewgt7uLPskBJD+PUUpxPniA4AsD1q9R2ntBDbwcp/d/sI5rmmmJHVcogU3kPN/\n9OAvEgsr5xNaxn/Cler+4dblf6UbLVP1AbU3glr/v26H6sCwRL2ZAY+u+M94j9Y+\nxwewmo/tqxyldd0ot42BA9zEWycz694B6rbhhPMeuZ3+O1N4RiX98s8U+xV6NpDf\nTJ8yByf8C4V5kUnFFN6EUWvdnfNw/6k11nqGrp8ZQgBf5vzURGGNc5RM72zWp2qc\nkURgmvtCepGeDYB/tXzA1FgFMQw1wm7ZgICeZ7QJFJiywQMECO9c5AfEickvfGth\ntxBSGPZLJnZ9VBsoML6z53uxG3N/ysclvoNgfmRBlyGc6jbafsMhCP7mQcZx2u1x\nbx+D/ZPMFtc0VJVlrZN/ghla7GAtZ8WI2W+CuFh9q5DY3jqOZIoiFecq92FFNsVF\nRZZ3q+c22tC5m22j6QIDX3ZlJKkwt+YPHiN3hkSk/8yguPAUbpVEvk4+6F79nUb/\n-----END CERTIFICATE-----",
                "key": "-----BEGIN PRIVATE KEY-----\nMIIEvgIBADANBgkqhkiG9w0BAQEFAASCBKgwggSkAgEAAoIBAQCvi1GzzI0FjjqH\nQinL/cFXSVH8a2IQoGF7zdmPkDWlEil7Sbhz7DkPyZhNe6jSpr/fMPjstMs/eyt9\nCCFWqvtByR2iBTkN7I3LeURM213Q1HotFK5Cr6P0xMfdGOQXQwjQ+6X3twiJo3+e\n2uJ/+hv4zjvUX3rFrFQwjE6Os4SH8B1AgJaQ+jq65Q6u0bGyznZozjRE2O1V7lQM\n1K3qEbWBOQb66CPB/1xXK3NDbdHtPbP8pihvaU7aSmDsuOPVQggRWvP7Y87eUf6m\n9+DnIwww9huZabHsy2+tHtQCpIfY6bMqlstpVfik0vVfh+qE8O6nfzvySrMrWIlo\nzMSupWPlAgMBAAECggEAXMY4q9mTPjho3kstY838fHEXj1wBO+BHJPMp5CHG+DKd\nEbdocHuLvLhCcdDE7G+MQBzVsePq9uXVmgLN+8vpdl8f9hzkhmNanQq9+hCFiHSD\nDYg8gKnq8NV++27IPTMEWc5lbIGjVXq/W+k6g4BfgCMeo6LCc+4boHzGl8xwYpa3\n7QTzsEvwJxm8A6SWEMjxkIXF0sTeYHmHcnGvPro848PTFwYI7nX+2jlaR1+U5Hxl\nH6BUVUkAyWz1jVIt+C3TG+jCtFex/3JORWWil44XmF2Zbbc+xnsDbpUzGlc7CJFO\nRT0JdGpPpuXRt/rtJu4Vj64IxjZauSWlNpB8vYFHAQKBgQDbFRbxphFeeI2c+ffI\n2uxlh9fvRCvVL0C7NQKDVewO0WYR+I46sYTTRxHso0/x7WRVDCmy7PiazFHDSkA5\njCbwGuR5J8rxsUDLNGOLPgvu3fH/UARAkTE7usjtsWcGHGJbI+U6vUgaNH5YDNeC\nxg1wE6xlb9xjR9vL2cTZYNahkQKBgQDNIA2p2H5dhdLaeSfjbD7hpzopgOhVVwRX\nF2+GuoLP4pTKiIlkOhWA3zLFNVhaEjqRQhpz3x2NZUrIi63T3ZSyuH8QU5+tFKyU\nc4a0lWy9bZX4EzqZnLC/IAIZ4aVqjyyPO+pACeTcvqLlp4FUfEFyePPMku809X1I\n5StucBZzFQKBgQDJhNWtA9+4MVW5zijBRbbrEZBr0x4qo6N8UB92pYNUggLMhwB1\nNrMCEL6JGBPCamW+4Ug+AEIRSd3vsA3xoVxzwZjlZNgFh9Ec2ZyzCSi62Mbv3S98\nINHTqlWGZodolJVYVmVVqaR4Dk8lOPLHpNvZew854zIq1H92PGMYvT3QMQKBgB6h\nHKkx9JyOcQ/Ca5xf+3vCdsLfxtGHbtR6YWLi0smr8b/UZ3+Z1MArk+8yqgC5HBm4\nny6SMF1+tI4BnXE3cw7E0eRkOEGmBqccIQ8yCMy4Yl5qsKNjbFj9tJKcyRCCVIsG\nzVHGqG/132kffAZbj4JCYVU405M63PxXjAavogqJAoGBANS7ojTfeJfCepAYAQNL\ndr6RaXoJ/u/re7ZIuuY14DAcFdYFsX9g/JEHJhbrOPpy2Ez6eo7hJ6ZU5OK6wl7f\naw1YujZMkzyJD8qpH7b7dozhNvki54b5TBhujBWFMkgRGh4H3h+OSkoCBibmJpI1\n9bYtllCav7gHDyGRk3k50pay\n-----END PRIVATE KEY-----",
                "password": null
              },
              "use_ip_version": "v4",
              "use_ssl_port": false
            },
            "mxedge_fips_enabled": false,
            "mxedge_mgmt": {
              "fips_enabled": false,
              "mist_password": null,
              "oob_ip_type": "dhcp",
              "oob_ip_type6": "autoconf",
              "root_password": null
            },
            "org_id": "992bf4b9-c900-4850-9992-107b2f9df928",
            "password_policy": {
              "enabled": true,
              "freshness": null,
              "min_length": 8,
              "requires_special_char": false,
              "requires_two_factor_auth": false
            },
            "pcap": null,
            "security": {
              "disable_local_ssh": null,
              "fips_zeroize_password": null,
              "limit_ssh_access": false
            },
            "switch_mgmt": {
              "ap_affinity_threshold": 12
            },
            "switch_updown_threshold": 0,
            "synthetic_test": {
              "disabled": false,
              "vlans": [
                {
                  "custom_test_urls": [],
                  "disabled": true,
                  "vlan_ids": [
                    "8",
                    "999"
                  ]
                }
              ],
              "wan_speedtest": null
            },
            "ui_idle_timeout": 0,
            "vpn_options": null
          },
          "sensitive_attributes": [
            [
              {
                "type": "get_attr",
                "value": "mist_nac"
              },
              {
                "type": "get_attr",
                "value": "server_cert"
              },
              {
                "type": "get_attr",
                "value": "password"
              }
            ],
            [
              {
                "type": "get_attr",
                "value": "mist_nac"
              },
              {
                "type": "get_attr",
                "value": "server_cert"
              },
              {
                "type": "get_attr",
                "value": "key"
              }
            ],
            [
              {
                "type": "get_attr",
                "value": "security"
              },
              {
                "type": "get_attr",
                "value": "fips_zeroize_password"
              }
            ],
            [
              {
                "type": "get_attr",
                "value": "cradlepoint"
              },
              {
                "type": "get_attr",
                "value": "ecm_api_key"
              }
            ],
            [
              {
                "type": "get_attr",
                "value": "cradlepoint"
              },
              {
                "type": "get_attr",
                "value": "cp_api_key"
              }
            ],
            [
              {
                "type": "get_attr",
                "value": "mxedge_mgmt"
              },
              {
                "type": "get_attr",
                "value": "root_password"
              }
            ],
            [
              {
                "type": "get_attr",
                "value": "mxedge_mgmt"
              },
              {
                "type": "get_attr",
                "value": "mist_password"
              }
            ]
          ],
          "dependencies": [
            "mist_org.terraform_test"
          ]
        }
      ]
    },
    {
      "mode": "managed",
      "type": "mist_org_sitegroup",
      "name": "test_group",
      "provider": "provider[\"registry.terraform.io/juniper/mist\"]",
      "instances": [
        {
          "schema_version": 0,
          "attributes": {
            "id": "91dc3688-addb-4875-85cc-3a065abd21b2",
            "name": "test group",
            "org_id": "992bf4b9-c900-4850-9992-107b2f9df928"
          },
          "sensitive_attributes": [],
          "dependencies": [
            "mist_org.terraform_test"
          ]
        }
      ]
    },
    {
      "mode": "managed",
      "type": "mist_org_sitegroup",
      "name": "test_group2",
      "provider": "provider[\"registry.terraform.io/juniper/mist\"]",
      "instances": [
        {
          "schema_version": 0,
          "attributes": {
            "id": "9a4e1d2a-9043-448e-af3e-464dd9ced21d",
            "name": "test group2b",
            "org_id": "992bf4b9-c900-4850-9992-107b2f9df928"
          },
          "sensitive_attributes": [],
          "dependencies": [
            "mist_org.terraform_test"
          ]
        }
      ]
    },
    {
      "mode": "managed",
      "type": "mist_org_vpn",
      "name": "vpn_one",
      "provider": "provider[\"registry.terraform.io/juniper/mist\"]",
      "instances": [
        {
          "schema_version": 0,
          "attributes": {
            "id": "9ba3e2dc-3fa2-4276-a16b-5bb7c38c6c34",
            "name": "VpnOrgOverlay",
            "org_id": "992bf4b9-c900-4850-9992-107b2f9df928",
            "paths": {
              "AWS_Hub_Profile1-WAN1": {
                "bfd_profile": "broadband",
                "ip": null,
                "pod": 1
              },
              "AWS_Hub_Profile1-WAN2": {
                "bfd_profile": "broadband",
                "ip": null,
                "pod": 1
              }
            }
          },
          "sensitive_attributes": [],
          "dependencies": [
            "mist_org.terraform_test"
          ]
        }
      ]
    },
    {
      "mode": "managed",
      "type": "mist_org_webhook",
      "name": "webhook_one",
      "provider": "provider[\"registry.terraform.io/juniper/mist\"]",
      "instances": [
        {
          "schema_version": 0,
          "attributes": {
            "enabled": false,
            "headers": null,
            "id": "67dc195b-0163-4d63-90b6-14fbce2c3c67",
            "name": "test",
            "oauth2_client_id": null,
            "oauth2_client_secret": null,
            "oauth2_grant_type": null,
            "oauth2_password": null,
            "oauth2_scopes": null,
            "oauth2_token_url": null,
            "oauth2_username": null,
            "org_id": "992bf4b9-c900-4850-9992-107b2f9df928",
            "secret": null,
            "splunk_token": null,
            "topics": [
              "audits"
            ],
            "type": "http-post",
            "url": "https://test.com",
            "verify_cert": true
          },
          "sensitive_attributes": [
            [
              {
                "type": "get_attr",
                "value": "secret"
              }
            ],
            [
              {
                "type": "get_attr",
                "value": "oauth2_password"
              }
            ],
            [
              {
                "type": "get_attr",
                "value": "splunk_token"
              }
            ],
            [
              {
                "type": "get_attr",
                "value": "oauth2_client_secret"
              }
            ]
          ],
          "dependencies": [
            "mist_org.terraform_test"
          ]
        }
      ]
    },
    {
      "mode": "managed",
      "type": "mist_org_wlan",
      "name": "test_open",
      "provider": "provider[\"registry.terraform.io/juniper/mist\"]",
      "instances": [
        {
          "schema_version": 0,
          "attributes": {
            "acct_immediate_update": false,
            "acct_interim_interval": 0,
            "acct_servers": null,
            "airwatch": null,
            "allow_ipv6_ndp": true,
            "allow_mdns": false,
            "allow_ssdp": false,
            "ap_ids": [],
            "app_limit": null,
            "app_qos": null,
            "apply_to": "site",
            "arp_filter": false,
            "auth": {
              "anticlog_threshold": 16,
              "eap_reauth": false,
              "enable_mac_auth": false,
              "key_idx": 1,
              "keys": [],
              "multi_psk_only": false,
              "owe": "disabled",
              "pairwise": [],
              "private_wlan": false,
              "psk": "",
              "type": "open",
              "wep_as_secondary_auth": false
            },
            "auth_server_selection": "ordered",
            "auth_servers": null,
            "auth_servers_nas_id": null,
            "auth_servers_nas_ip": null,
            "auth_servers_retries": 2,
            "auth_servers_timeout": 5,
            "band_steer": false,
            "band_steer_force_band5": false,
            "bands": [
              "5",
              "6"
            ],
            "block_blacklist_clients": false,
            "bonjour": null,
            "cisco_cwa": null,
            "client_limit_down": null,
            "client_limit_down_enabled": false,
            "client_limit_up": null,
            "client_limit_up_enabled": false,
            "coa_servers": null,
            "disable_11ax": false,
            "disable_ht_vht_rates": false,
            "disable_uapsd": false,
            "disable_v1_roam_notify": false,
            "disable_v2_roam_notify": false,
            "disable_wmm": false,
            "dns_server_rewrite": null,
            "dtim": 2,
            "dynamic_psk": null,
            "dynamic_vlan": null,
            "enable_local_keycaching": false,
            "enable_wireless_bridging": false,
            "enable_wireless_bridging_dhcp_tracking": false,
            "enabled": true,
            "fast_dot1x_timers": false,
            "hide_ssid": false,
            "hostname_ie": false,
            "hotspot20": null,
            "id": "f49406bb-8a8a-47d7-8ac5-29fe4701bfef",
            "inject_dhcp_option_82": null,
            "interface": "all",
            "isolation": false,
            "l2_isolation": false,
            "legacy_overds": false,
            "limit_bcast": false,
            "limit_probe_response": false,
            "max_idletime": 1800,
            "mist_nac": null,
            "msp_id": "",
            "mxtunnel_ids": [],
            "mxtunnel_name": [],
            "no_static_dns": false,
            "no_static_ip": false,
            "org_id": "992bf4b9-c900-4850-9992-107b2f9df928",
            "portal": {
              "amazon_client_id": "",
              "amazon_client_secret": "",
              "amazon_email_domains": [],
              "amazon_enabled": false,
              "amazon_expire": 0,
              "auth": "none",
              "azure_client_id": "",
              "azure_client_secret": "",
              "azure_enabled": false,
              "azure_expire": 0,
              "azure_tenant_id": "",
              "broadnet_password": "",
              "broadnet_sid": "MIST",
              "broadnet_user_id": "",
              "bypass_when_cloud_down": false,
              "clickatell_api_key": "",
              "cross_site": false,
              "email_enabled": true,
              "enabled": true,
              "expire": 60,
              "external_portal_url": "",
              "facebook_client_id": "",
              "facebook_client_secret": "",
              "facebook_email_domains": [],
              "facebook_enabled": false,
              "facebook_expire": 0,
              "forward": false,
              "forward_url": "",
              "google_client_id": "",
              "google_client_secret": "",
              "google_email_domains": [],
              "google_enabled": false,
              "google_expire": 0,
              "gupshup_password": "",
              "gupshup_userid": "",
              "microsoft_client_id": "",
              "microsoft_client_secret": "",
              "microsoft_email_domains": [],
              "microsoft_enabled": false,
              "microsoft_expire": 0,
              "passphrase_enabled": false,
              "passphrase_expire": 0,
              "password": "",
              "predefined_sponsors_enabled": true,
              "predefined_sponsors_hide_email": false,
              "privacy": false,
              "puzzel_password": "",
              "puzzel_service_id": "",
              "puzzel_username": "",
              "sms_enabled": false,
              "sms_expire": 0,
              "sms_message_format": "Code {{code}} expires in {{duration}} minutes.",
              "sms_provider": "manual",
              "sponsor_auto_approve": false,
              "sponsor_email_domains": [],
              "sponsor_enabled": false,
              "sponsor_expire": 0,
              "sponsor_link_validity_duration": "60",
              "sponsor_notify_all": false,
              "sponsor_status_notify": false,
              "sponsors": {},
              "sso_default_role": "",
              "sso_forced_role": "",
              "sso_idp_cert": "",
              "sso_idp_sign_algo": "sha1",
              "sso_idp_sso_url": "",
              "sso_issuer": "",
              "sso_nameid_format": "email",
              "telstra_client_id": "",
              "telstra_client_secret": "",
              "twilio_auth_token": "",
              "twilio_phone_number": "",
              "twilio_sid": ""
            },
            "portal_allowed_hostnames": [],
            "portal_allowed_subnets": [],
            "portal_api_secret": "",
            "portal_denied_hostnames": [],
            "portal_image": null,
            "portal_sso_url": null,
            "portal_template_url": "https://s3.us-east-1.amazonaws.com/papi-production/portal_template/f49406bb-8a8a-47d7-8ac5-29fe4701bfef.json?X-Amz-Algorithm=AWS4-HMAC-SHA256\u0026X-Amz-Credential=ASIAZTT3NFULBGVJPDV3%2F20240911%2Fus-east-1%2Fs3%2Faws4_request\u0026X-Amz-Date=20240911T072641Z\u0026X-Amz-Expires=3600\u0026X-Amz-SignedHeaders=host\u0026X-Amz-Security-Token=IQoJb3JpZ2luX2VjEF8aCXVzLXdlc3QtMSJHMEUCIDqkHUscCCqQhdwuYAm9%2F9%2FYUxoLCYkMrh55oa01LE6lAiEAzuVtMm1YpvYlDABYpsHcrqONHcvzRrk%2FjPfjrdlEbhYqvAUIh%2F%2F%2F%2F%2F%2F%2F%2F%2F%2F%2FARAFGgw2NjA2MTAwMzQ5NjYiDKn45zYpZA4YUuViDiqQBbnsznOhq8H4x7%2FdslK6sVoV1PH6o77OBXc0ZMByeTW3JfpjAQF%2FmhBg%2BzqzXfYxc4jrdSfP%2Bsd1MCJiLEzJ%2BlsJjAB5u1huig2g%2FHfik8F5FgowTzmnRJ97QqK5ooKZ5eeKf4HGxy2QwPlvqXW1Wp9bUXp8t0fOo0KJJAuLVSakCrQiDVborUrlFcysMWYbtkEaANnHTFNjdwEu544ubNBWzSIr1rPj2gct1vgnhNn%2BjbnFyuAPmzpORYigV51i6M9NLnnsz3pEl9o0VC%2BfSbQawX0BKkixjoHywJutBicSMRcJR%2FWF0r1urty2P%2Byb%2B3CqYghFV9cpeRzoYRTM4CxgAOE7em2JHjpfpvh%2F6Z5f3sBWC8cAqyHMTnYiGIYsWerfx6Vec5srX%2BYh4b9BtahtI9OfCGSu27kluYv%2F4OF3lK6YKYV7%2F6a9WkWqK3nyXVxMd3AB91kFc2pvFz%2ByVLL1TNlidK452hQMyMTnRLNwmXE58g%2Bi7gYZqOxsU1hbwbSAt3BIyKg1B14LVgkspOt1EW%2BqVd6F0Yi%2BhkVKG%2Bfr%2Bf9ndzT6JT3CiVe9l1bi3fzQoVA%2FnfLaFCqR8FCrx6EnQnX40vdJJ98%2Bw32gQzuoNYREgMzeSO9wsmtra5OEtPGf%2F7Ff3EX101qblNAS7O%2BAYhgZUqRXuhwemPoi5vUjGMPk1fXKfRMlFG97iekJnC9VYhrQxu2Y4CKkxuolEJsfRl7M5cdKhfUpmd1UwGhWaJAieU4p5Fd%2FEEQvP%2BuFZAo4ikwicdQLlNthjCgiil%2B6bWJL3lZ%2FWOu8ArI2qirq%2FPnga4WLF6%2FGahrEygb75moLQX%2BcFpljBZ5Cubdwj60gvUIFs2s6UGZ7zWY4X1qTMPnyhLcGOrEBGZzq%2FBYd4gGn8ppFhSMc%2FTpTiagthKSzBjeiFgNcbTBW6uAcTgrZd7XJUixkPH218UWT5KUl5kgr82YJNew6wCzhQOWxAsXX566jwGLXMz0kiizoMLCgc9EkujRTsDib5EZ1ScpSYTkzCSLw0%2FBOrHLPj8XREwOA3lNbEU3lPY%2BNkGFa52RVy%2FJ%2F1tMZMi5229hJFDyB4v0zo5znfwrF9G7LSjcy8ia4WzQ0o%2BcVG0Vv\u0026X-Amz-Signature=36e90f9b27c3826721599f35a606769a07a88c53120aafc3d74ec85cec7ab14f",
            "qos": null,
            "radsec": null,
            "roam_mode": "NONE",
            "schedule": null,
            "sle_excluded": false,
            "ssid": "test",
            "template_id": "511a9dde-e0d8-4999-a778-07cb5003ff05",
            "thumbnail": null,
            "use_eapol_v1": false,
            "vlan_enabled": true,
            "vlan_id": "160",
            "vlan_ids": [],
            "vlan_pooling": false,
            "wlan_limit_down": 0,
            "wlan_limit_down_enabled": false,
            "wlan_limit_up": 0,
            "wlan_limit_up_enabled": false,
            "wxtag_ids": [],
            "wxtunnel_id": "",
            "wxtunnel_remote_id": ""
          },
          "sensitive_attributes": [
            [
              {
                "type": "get_attr",
                "value": "portal"
              },
              {
                "type": "get_attr",
                "value": "puzzel_password"
              }
            ],
            [
              {
                "type": "get_attr",
                "value": "portal"
              },
              {
                "type": "get_attr",
                "value": "broadnet_password"
              }
            ],
            [
              {
                "type": "get_attr",
                "value": "portal"
              },
              {
                "type": "get_attr",
                "value": "password"
              }
            ],
            [
              {
                "type": "get_attr",
                "value": "portal"
              },
              {
                "type": "get_attr",
                "value": "gupshup_password"
              }
            ],
            [
              {
                "type": "get_attr",
                "value": "auth"
              },
              {
                "type": "get_attr",
                "value": "psk"
              }
            ]
          ],
          "dependencies": [
            "mist_org.terraform_test",
            "mist_org_wlantemplate.wlantemplate_one"
          ]
        }
      ]
    },
    {
      "mode": "managed",
      "type": "mist_org_wlan",
      "name": "wlan_cwp",
      "provider": "provider[\"registry.terraform.io/juniper/mist\"]",
      "instances": [
        {
          "schema_version": 0,
          "attributes": {
            "acct_immediate_update": false,
            "acct_interim_interval": 0,
            "acct_servers": null,
            "airwatch": null,
            "allow_ipv6_ndp": true,
            "allow_mdns": false,
            "allow_ssdp": false,
            "ap_ids": [],
            "app_limit": null,
            "app_qos": null,
            "apply_to": "site",
            "arp_filter": false,
            "auth": {
              "anticlog_threshold": 16,
              "eap_reauth": false,
              "enable_mac_auth": false,
              "key_idx": 1,
              "keys": [],
              "multi_psk_only": false,
              "owe": "disabled",
              "pairwise": [],
              "private_wlan": false,
              "psk": "Juniper123",
              "type": "psk",
              "wep_as_secondary_auth": false
            },
            "auth_server_selection": "ordered",
            "auth_servers": null,
            "auth_servers_nas_id": null,
            "auth_servers_nas_ip": null,
            "auth_servers_retries": 2,
            "auth_servers_timeout": 5,
            "band_steer": false,
            "band_steer_force_band5": false,
            "bands": [
              "5"
            ],
            "block_blacklist_clients": false,
            "bonjour": null,
            "cisco_cwa": null,
            "client_limit_down": null,
            "client_limit_down_enabled": false,
            "client_limit_up": null,
            "client_limit_up_enabled": false,
            "coa_servers": null,
            "disable_11ax": false,
            "disable_ht_vht_rates": false,
            "disable_uapsd": false,
            "disable_v1_roam_notify": false,
            "disable_v2_roam_notify": false,
            "disable_wmm": false,
            "dns_server_rewrite": null,
            "dtim": 2,
            "dynamic_psk": null,
            "dynamic_vlan": {
              "default_vlan_ids": [
                "1-10",
                "{{dddd}}",
                "123"
              ],
              "enabled": true,
              "local_vlan_ids": [],
              "type": "standard",
              "vlans": {
                "460": "",
                "492": "",
                "494": ""
              }
            },
            "enable_local_keycaching": false,
            "enable_wireless_bridging": false,
            "enable_wireless_bridging_dhcp_tracking": false,
            "enabled": true,
            "fast_dot1x_timers": false,
            "hide_ssid": false,
            "hostname_ie": false,
            "hotspot20": null,
            "id": "4459da34-fd9f-4f9d-a590-616d46614df2",
            "inject_dhcp_option_82": null,
            "interface": "all",
            "isolation": false,
            "l2_isolation": false,
            "legacy_overds": false,
            "limit_bcast": false,
            "limit_probe_response": false,
            "max_idletime": 1800,
            "mist_nac": null,
            "msp_id": "",
            "mxtunnel_ids": [],
            "mxtunnel_name": [],
            "no_static_dns": false,
            "no_static_ip": false,
            "org_id": "992bf4b9-c900-4850-9992-107b2f9df928",
            "portal": {
              "amazon_client_id": "",
              "amazon_client_secret": "",
              "amazon_email_domains": [],
              "amazon_enabled": false,
              "amazon_expire": 0,
              "auth": "sso",
              "azure_client_id": "",
              "azure_client_secret": "",
              "azure_enabled": false,
              "azure_expire": 0,
              "azure_tenant_id": "",
              "broadnet_password": "",
              "broadnet_sid": "MIST",
              "broadnet_user_id": "",
              "bypass_when_cloud_down": true,
              "clickatell_api_key": "",
              "cross_site": false,
              "email_enabled": true,
              "enabled": true,
              "expire": 1440,
              "external_portal_url": "",
              "facebook_client_id": "",
              "facebook_client_secret": "",
              "facebook_email_domains": [],
              "facebook_enabled": false,
              "facebook_expire": 0,
              "forward": false,
              "forward_url": "",
              "google_client_id": "",
              "google_client_secret": "",
              "google_email_domains": [],
              "google_enabled": false,
              "google_expire": 0,
              "gupshup_password": "",
              "gupshup_userid": "",
              "microsoft_client_id": "",
              "microsoft_client_secret": "",
              "microsoft_email_domains": [],
              "microsoft_enabled": false,
              "microsoft_expire": 0,
              "passphrase_enabled": false,
              "passphrase_expire": 0,
              "password": "",
              "predefined_sponsors_enabled": true,
              "predefined_sponsors_hide_email": false,
              "privacy": false,
              "puzzel_password": "",
              "puzzel_service_id": "",
              "puzzel_username": "",
              "sms_enabled": false,
              "sms_expire": 0,
              "sms_message_format": "Code {{code}} expires in {{duration}} minutes.",
              "sms_provider": "manual",
              "sponsor_auto_approve": false,
              "sponsor_email_domains": [],
              "sponsor_enabled": false,
              "sponsor_expire": 0,
              "sponsor_link_validity_duration": "60",
              "sponsor_notify_all": false,
              "sponsor_status_notify": false,
              "sponsors": {},
              "sso_default_role": "",
              "sso_forced_role": "",
              "sso_idp_cert": "-----BEGIN CERTIFICATE-----\nMIIC8DCCAdigAwIBAgIQE5pOI9W1DZFHbB9m2Q7ADzANBgkqhkiG9w0BAQsFADA0MTIwMAYDVQQD\nEylNaWNyb3NvZnQgQXp1cmUgRmVkZXJhdGVkIFNTTyBDZXJ0aWZpY2F0ZTAeFw0yMjAyMDIxNDEz\nMTNaFw0yNTAyMDIxNDEzMTNaMDQxMjAwBgNVBAMTKU1pY3Jvc29mdCBBenVyZSBGZWRlcmF0ZWQg\nU1NPIENlcnRpZmljYXRlMIIBIjANBgkqhkiG9w0BAQEFAAOCAQ8AMIIBCgKCAQEA5gQTCccB3oE7\nelNYH2+11Q69Iq/2f3qf5KUZEQKwL++HyoBCOAM3wL3uLWwvRaih4+qpAeZvNsuShNIyB08SDcWN\nYsqVxaUsLYfzDD0c9VG9mwAx0Kh01S2JvtaLCaFveac7UXVfn/E/QbPXibS1EQvHUj0hwNXMrdS4\nh4TOk4D1Q70+OnCWyy7ykG1/RuO8UerIfqkQEy4C3QFb3Cyo4E7bEaYQo0NiCqD9IoM3B0wZib8Y\n3yRGJKdzXyDxuVJFb5rF7XMAHTWWAbxaN4KOLhZnjaJla7Pu/sFAj2Npm8Hm5pYEYBaUz4fc/8kg\nIwakFb3mnbnYw0xQwf+aJss1vQIDAQABMA0GCSqGSIb3DQEBCwUAA4IBAQCF+oKuLmnooDzALwaE\nbFVI7PVGhU7/UZzAnq6HHI9ngF0Af2+uIrvAz6rdUM1bsGhRbj3SV2oaj26pe/1TDrGescXWhTPw\nKcXOwBnVmFr8FlMkozwpHRNzCQyFYGiTAztgQcmtwF7pilVndOmEc+p3LvCdI5JZB+LtMM/o9V+1\n+Yhm4MEWO6wTSY+j7goc/vi5f76TDZPN6PkRv17+EkybEudJuTOuIoNiqsAbNB52bVNHtxFHGIwb\nH9iS45QJ4/RG1WUr91xe3Vzh/fp1BkiHZVL4iOywOIF0TYcW7h958JEf+q0HD5LUMO47NPEbc/Cd\n+fVCTXWzABXXy4D+S8gA\n-----END CERTIFICATE-----",
              "sso_idp_sign_algo": "sha256",
              "sso_idp_sso_url": "https://login.microsoftonline.com/f2532c2f-938c-4529-b6e4-aa26992b6b62/saml2",
              "sso_issuer": "https://sts.windows.net/f2532c2f-938c-4529-b6e4-aa26992b6b62/",
              "sso_nameid_format": "email",
              "telstra_client_id": "",
              "telstra_client_secret": "",
              "twilio_auth_token": "",
              "twilio_phone_number": "",
              "twilio_sid": ""
            },
            "portal_allowed_hostnames": [
              "login.microsoftonline.com",
              "portal.mist.com",
              "login.live.com",
              "aadcdn.msauth.net",
              "logincdn.msauth.net"
            ],
            "portal_allowed_subnets": [],
            "portal_api_secret": null,
            "portal_denied_hostnames": [],
            "portal_image": null,
            "portal_sso_url": "https://portal.mist.com/saml/4459da34-fd9f-4f9d-a590-616d46614df2/login",
            "portal_template_url": "https://s3.us-east-1.amazonaws.com/papi-production/portal_template/4459da34-fd9f-4f9d-a590-616d46614df2.json?X-Amz-Algorithm=AWS4-HMAC-SHA256\u0026X-Amz-Credential=ASIAZTT3NFULH7OT4Z37%2F20240911%2Fus-east-1%2Fs3%2Faws4_request\u0026X-Amz-Date=20240911T072641Z\u0026X-Amz-Expires=3600\u0026X-Amz-SignedHeaders=host\u0026X-Amz-Security-Token=IQoJb3JpZ2luX2VjEF4aCXVzLXdlc3QtMSJHMEUCIBR4BGatzLzwczcfKAXDVYketkOQMeZV40%2B7NhrfXXfEAiEA09c5q9TBkhhZ0eVGxeEv4h2%2B2ry4V9ArkoowOrupzHUqvAUIh%2F%2F%2F%2F%2F%2F%2F%2F%2F%2F%2FARAFGgw2NjA2MTAwMzQ5NjYiDD%2FdIqilVp2UdB3RwyqQBTMOA%2FjDuq5bUJhKTrVmeO96Z8y3A%2FSsw7roZQom3JqJvzTNAJVPRIuUUByfeTSzr6UxDje51PZ8Co%2FW38jPlGy0ZsjxEVw214zN2iFaiJlKNwHWIOGwhSYYEqU9tigiPPBmY7zZv1Dmru6rGMhYQ%2FSZXmGZBBkM4%2BuhjdI0s8x9IVWbcT%2FzIXNVphG9J5ctv6l%2B27pL%2BsVH5nO9GZvrKazHR23QaFUekMT%2B78oWCV4BMKAnLg7ZGXry0dBzJe9k9bc8gClFoP6dSy64mDCcnZw6p%2B1vSKkaTqZHvP96QWayUdsZllRpmT1mDuZzeewUfp2PitQiGelQtAHf0TsCx89hO0gePlYdk2VMg0JgP4vrY2iGrdcx6Eta9SIWatozTf2ryaH9vgs6IpgOsiDC%2FAg3PXs%2Furub3Vsm53uhLKPzmG76mibJdKvKWxK7lgb7LkpWYlBk2HPSSog7VLf3DIwecqrbkEOsiKZa3WQi3fSdNg7YtnXa7MnDboncdAY3%2FsfXf7xetqR4PTDntLfDAcu2VCArJsV0MFefAfV9cSlLLk%2Bi4sfmCzEoVoWhBDqPqStfZSxRzSDQlyJLp8BsFjWRhBPZdd7XsWAfFCRkGsyAqqUAL89351HdqQxNlrJvs%2BMH3UFQfbDI7Gdgn6YPn54LLk19q2HoupMzAe38ukEdBiMu6usN8QViLl9FLR1esFxcIY0jcNCZw2Qvep7H3r9bbUlffPTGU7Sj9zD1E%2FWRDKG9SFa9Kg%2BwxMeJdikIcunHCbxLFpQYkb2DY80O4HjQ0GbQ%2BCLT9bl9g6DnVDnmXgdQ5CVuSGXeycsbC%2BUmtM1XsV9XazwNFLzFQuNt4p%2BCVfz6sfioFNUYa6%2FWRjSdMPjUhLcGOrEBTP4egHlZ%2FovknoaWEkRtfBRIoCzEu%2Fm0gzjBrJZ%2B5H34VSVAyM1KmYAPnJEozxivcHqQxGItj%2BbEZRuDtA%2B2Esb%2BDw18wFplTjAqNEYi5AmFSqF6%2BMTK2MoEWltTEsFbtHHUC4uqRUSwmIi%2B2H%2FUWy5%2B8w388to1jn3T8kgfZIncVqwQKd%2FN%2BihKJRoBzbE9Tp0RSVsb%2BlCg4YVAqGBdTsLTJWICcxRFADRk9lCGgDdw\u0026X-Amz-Signature=ebf77fb3dcdef3a1b700756620c7bdccf391d17e82142b0723c1f487766dc886",
            "qos": null,
            "radsec": null,
            "roam_mode": "NONE",
            "schedule": null,
            "sle_excluded": false,
            "ssid": "MlN.test",
            "template_id": "511a9dde-e0d8-4999-a778-07cb5003ff05",
            "thumbnail": null,
            "use_eapol_v1": false,
            "vlan_enabled": false,
            "vlan_id": "141",
            "vlan_ids": [],
            "vlan_pooling": false,
            "wlan_limit_down": 0,
            "wlan_limit_down_enabled": false,
            "wlan_limit_up": 0,
            "wlan_limit_up_enabled": false,
            "wxtag_ids": [],
            "wxtunnel_id": "",
            "wxtunnel_remote_id": ""
          },
          "sensitive_attributes": [
            [
              {
                "type": "get_attr",
                "value": "auth"
              },
              {
                "type": "get_attr",
                "value": "psk"
              }
            ],
            [
              {
                "type": "get_attr",
                "value": "portal"
              },
              {
                "type": "get_attr",
                "value": "broadnet_password"
              }
            ],
            [
              {
                "type": "get_attr",
                "value": "portal"
              },
              {
                "type": "get_attr",
                "value": "puzzel_password"
              }
            ],
            [
              {
                "type": "get_attr",
                "value": "portal"
              },
              {
                "type": "get_attr",
                "value": "password"
              }
            ],
            [
              {
                "type": "get_attr",
                "value": "portal"
              },
              {
                "type": "get_attr",
                "value": "gupshup_password"
              }
            ]
          ],
          "dependencies": [
            "mist_org.terraform_test",
            "mist_org_wlantemplate.wlantemplate_one"
          ]
        }
      ]
    },
    {
      "mode": "managed",
      "type": "mist_org_wlan_portal_template",
      "name": "test",
      "provider": "provider[\"registry.terraform.io/juniper/mist\"]",
      "instances": [
        {
          "schema_version": 0,
          "attributes": {
            "org_id": "992bf4b9-c900-4850-9992-107b2f9df928",
            "portal_template": {
              "access_code_alternate_email": "Use alternate email address",
              "alignment": "right",
              "auth_button_amazon": "Sign in with Amazon",
              "auth_button_azure": "Sign in with Azure",
              "auth_button_email": "Sign in with Email",
              "auth_button_facebook": "Sign in with Facebook",
              "auth_button_google": "Sign in with Google",
              "auth_button_microsoft": "Sign in with Microsoft",
              "auth_button_passphrase": "Sign in with Passphrase",
              "auth_button_sms": "Sign in with Text Message",
              "auth_button_sponsor": "Sign in as Guest",
              "auth_label": "Connect to WiFi with",
              "back_link": "Back to Sign In",
              "color": "#1074bc",
              "color_dark": "#0b5183",
              "color_light": "#3589c6",
              "company": false,
              "company_error": "Please provide your company name",
              "company_label": "Company",
              "email": true,
              "email_access_domain_error": "Email Access Domain Error",
              "email_cancel": "Cancel",
              "email_code_cancel": "I did not receive the code",
              "email_code_error": "Please provide valid alternate email",
              "email_code_field_label": "Access Code",
              "email_code_message": "Enter the access number that was sent to your email address.",
              "email_code_submit": "Sign In",
              "email_code_title": "Access Code",
              "email_error": "Please provide valid email",
              "email_field_label": "Enter your email address",
              "email_label": "Email",
              "email_message": "We will email you an authentication code which you can use to connect to the WiFi network.",
              "email_submit": "Send Access Code",
              "email_title": "Sign in with Email",
              "field1": false,
              "field1error": "Please provide Custom Field 1",
              "field1label": "Custom Field 1",
              "field1required": false,
              "field2": false,
              "field2error": "Please provide Custom Field 2",
              "field2label": "Custom Field 2",
              "field2required": false,
              "field3": false,
              "field3error": "Please provide Custom Field 3",
              "field3label": "Custom Field 3",
              "field3required": false,
              "field4": false,
              "field4error": "Please provide Custom Field 4",
              "field4label": "Custom Field 4",
              "field4required": null,
              "locales": {
                "ar": {
                  "auth_button_amazon": null,
                  "auth_button_azure": null,
                  "auth_button_email": null,
                  "auth_button_facebook": null,
                  "auth_button_google": null,
                  "auth_button_microsoft": null,
                  "auth_button_passphrase": null,
                  "auth_button_sms": null,
                  "auth_button_sponsor": null,
                  "auth_label": null,
                  "back_link": null,
                  "company_error": null,
                  "company_label": null,
                  "email_access_domain_error": null,
                  "email_cancel": null,
                  "email_code_cancel": null,
                  "email_code_error": null,
                  "email_code_field_label": null,
                  "email_code_message": null,
                  "email_code_submit": null,
                  "email_code_title": null,
                  "email_error": null,
                  "email_field_label": null,
                  "email_label": null,
                  "email_message": null,
                  "email_submit": null,
                  "email_title": null,
                  "field1error": null,
                  "field1label": null,
                  "field2error": null,
                  "field2label": null,
                  "field3error": null,
                  "field3label": null,
                  "field4error": null,
                  "field4label": null,
                  "message": null,
                  "name_error": null,
                  "name_label": null,
                  "optout_label": null,
                  "page_title": null,
                  "passphrase_cancel": null,
                  "passphrase_error": null,
                  "passphrase_label": null,
                  "passphrase_message": null,
                  "passphrase_submit": null,
                  "passphrase_title": null,
                  "privacy_policy_accept_label": null,
                  "privacy_policy_error": null,
                  "privacy_policy_link": null,
                  "privacy_policy_text": null,
                  "required_field_label": null,
                  "sign_in_label": null,
                  "sms_carrier_default": null,
                  "sms_carrier_error": null,
                  "sms_carrier_field_label": null,
                  "sms_code_cancel": null,
                  "sms_code_error": null,
                  "sms_code_field_label": null,
                  "sms_code_message": null,
                  "sms_code_submit": null,
                  "sms_code_title": null,
                  "sms_country_field_label": null,
                  "sms_country_format": null,
                  "sms_have_access_code": "a",
                  "sms_message_format": null,
                  "sms_number_cancel": null,
                  "sms_number_error": null,
                  "sms_number_field_label": null,
                  "sms_number_format": null,
                  "sms_number_message": null,
                  "sms_number_submit": null,
                  "sms_number_title": null,
                  "sms_username_format": null,
                  "sponsor_back_link": null,
                  "sponsor_cancel": null,
                  "sponsor_email": null,
                  "sponsor_email_error": null,
                  "sponsor_info_approved": null,
                  "sponsor_info_denied": null,
                  "sponsor_info_pending": null,
                  "sponsor_name": null,
                  "sponsor_name_error": null,
                  "sponsor_note_pending": null,
                  "sponsor_request_access": null,
                  "sponsor_status_approved": null,
                  "sponsor_status_denied": null,
                  "sponsor_status_pending": null,
                  "sponsor_submit": null,
                  "sponsors_error": null,
                  "sponsors_field_label": null,
                  "tos_accept_label": null,
                  "tos_error": null,
                  "tos_link": null,
                  "tos_text": null,
                  "uth_button_amazon": null
                },
                "ca-ES": {
                  "auth_button_amazon": null,
                  "auth_button_azure": null,
                  "auth_button_email": null,
                  "auth_button_facebook": null,
                  "auth_button_google": null,
                  "auth_button_microsoft": null,
                  "auth_button_passphrase": null,
                  "auth_button_sms": null,
                  "auth_button_sponsor": null,
                  "auth_label": null,
                  "back_link": null,
                  "company_error": null,
                  "company_label": null,
                  "email_access_domain_error": null,
                  "email_cancel": null,
                  "email_code_cancel": null,
                  "email_code_error": null,
                  "email_code_field_label": null,
                  "email_code_message": null,
                  "email_code_submit": null,
                  "email_code_title": null,
                  "email_error": null,
                  "email_field_label": null,
                  "email_label": null,
                  "email_message": null,
                  "email_submit": null,
                  "email_title": null,
                  "field1error": null,
                  "field1label": null,
                  "field2error": null,
                  "field2label": null,
                  "field3error": null,
                  "field3label": null,
                  "field4error": null,
                  "field4label": null,
                  "message": null,
                  "name_error": null,
                  "name_label": null,
                  "optout_label": null,
                  "page_title": null,
                  "passphrase_cancel": null,
                  "passphrase_error": null,
                  "passphrase_label": null,
                  "passphrase_message": null,
                  "passphrase_submit": null,
                  "passphrase_title": null,
                  "privacy_policy_accept_label": null,
                  "privacy_policy_error": null,
                  "privacy_policy_link": null,
                  "privacy_policy_text": null,
                  "required_field_label": null,
                  "sign_in_label": null,
                  "sms_carrier_default": null,
                  "sms_carrier_error": null,
                  "sms_carrier_field_label": null,
                  "sms_code_cancel": null,
                  "sms_code_error": null,
                  "sms_code_field_label": null,
                  "sms_code_message": null,
                  "sms_code_submit": null,
                  "sms_code_title": null,
                  "sms_country_field_label": null,
                  "sms_country_format": null,
                  "sms_have_access_code": "a",
                  "sms_message_format": null,
                  "sms_number_cancel": null,
                  "sms_number_error": null,
                  "sms_number_field_label": null,
                  "sms_number_format": null,
                  "sms_number_message": null,
                  "sms_number_submit": null,
                  "sms_number_title": null,
                  "sms_username_format": null,
                  "sponsor_back_link": null,
                  "sponsor_cancel": null,
                  "sponsor_email": null,
                  "sponsor_email_error": null,
                  "sponsor_info_approved": null,
                  "sponsor_info_denied": null,
                  "sponsor_info_pending": null,
                  "sponsor_name": null,
                  "sponsor_name_error": null,
                  "sponsor_note_pending": null,
                  "sponsor_request_access": null,
                  "sponsor_status_approved": null,
                  "sponsor_status_denied": null,
                  "sponsor_status_pending": null,
                  "sponsor_submit": null,
                  "sponsors_error": null,
                  "sponsors_field_label": null,
                  "tos_accept_label": null,
                  "tos_error": null,
                  "tos_link": null,
                  "tos_text": null,
                  "uth_button_amazon": null
                },
                "cs-CZ": {
                  "auth_button_amazon": null,
                  "auth_button_azure": null,
                  "auth_button_email": null,
                  "auth_button_facebook": null,
                  "auth_button_google": null,
                  "auth_button_microsoft": null,
                  "auth_button_passphrase": null,
                  "auth_button_sms": null,
                  "auth_button_sponsor": null,
                  "auth_label": null,
                  "back_link": null,
                  "company_error": null,
                  "company_label": null,
                  "email_access_domain_error": null,
                  "email_cancel": null,
                  "email_code_cancel": null,
                  "email_code_error": null,
                  "email_code_field_label": null,
                  "email_code_message": null,
                  "email_code_submit": null,
                  "email_code_title": null,
                  "email_error": null,
                  "email_field_label": null,
                  "email_label": null,
                  "email_message": null,
                  "email_submit": null,
                  "email_title": null,
                  "field1error": null,
                  "field1label": null,
                  "field2error": null,
                  "field2label": null,
                  "field3error": null,
                  "field3label": null,
                  "field4error": null,
                  "field4label": null,
                  "message": null,
                  "name_error": null,
                  "name_label": null,
                  "optout_label": null,
                  "page_title": null,
                  "passphrase_cancel": null,
                  "passphrase_error": null,
                  "passphrase_label": null,
                  "passphrase_message": null,
                  "passphrase_submit": null,
                  "passphrase_title": null,
                  "privacy_policy_accept_label": null,
                  "privacy_policy_error": null,
                  "privacy_policy_link": null,
                  "privacy_policy_text": null,
                  "required_field_label": null,
                  "sign_in_label": null,
                  "sms_carrier_default": null,
                  "sms_carrier_error": null,
                  "sms_carrier_field_label": null,
                  "sms_code_cancel": null,
                  "sms_code_error": null,
                  "sms_code_field_label": null,
                  "sms_code_message": null,
                  "sms_code_submit": null,
                  "sms_code_title": null,
                  "sms_country_field_label": null,
                  "sms_country_format": null,
                  "sms_have_access_code": "a",
                  "sms_message_format": null,
                  "sms_number_cancel": null,
                  "sms_number_error": null,
                  "sms_number_field_label": null,
                  "sms_number_format": null,
                  "sms_number_message": null,
                  "sms_number_submit": null,
                  "sms_number_title": null,
                  "sms_username_format": null,
                  "sponsor_back_link": null,
                  "sponsor_cancel": null,
                  "sponsor_email": null,
                  "sponsor_email_error": null,
                  "sponsor_info_approved": null,
                  "sponsor_info_denied": null,
                  "sponsor_info_pending": null,
                  "sponsor_name": null,
                  "sponsor_name_error": null,
                  "sponsor_note_pending": null,
                  "sponsor_request_access": null,
                  "sponsor_status_approved": null,
                  "sponsor_status_denied": null,
                  "sponsor_status_pending": null,
                  "sponsor_submit": null,
                  "sponsors_error": null,
                  "sponsors_field_label": null,
                  "tos_accept_label": null,
                  "tos_error": null,
                  "tos_link": null,
                  "tos_text": null,
                  "uth_button_amazon": null
                },
                "da-DK": {
                  "auth_button_amazon": null,
                  "auth_button_azure": null,
                  "auth_button_email": null,
                  "auth_button_facebook": null,
                  "auth_button_google": null,
                  "auth_button_microsoft": null,
                  "auth_button_passphrase": null,
                  "auth_button_sms": null,
                  "auth_button_sponsor": null,
                  "auth_label": null,
                  "back_link": null,
                  "company_error": null,
                  "company_label": null,
                  "email_access_domain_error": null,
                  "email_cancel": null,
                  "email_code_cancel": null,
                  "email_code_error": null,
                  "email_code_field_label": null,
                  "email_code_message": null,
                  "email_code_submit": null,
                  "email_code_title": null,
                  "email_error": null,
                  "email_field_label": null,
                  "email_label": null,
                  "email_message": null,
                  "email_submit": null,
                  "email_title": null,
                  "field1error": null,
                  "field1label": null,
                  "field2error": null,
                  "field2label": null,
                  "field3error": null,
                  "field3label": null,
                  "field4error": null,
                  "field4label": null,
                  "message": null,
                  "name_error": null,
                  "name_label": null,
                  "optout_label": null,
                  "page_title": null,
                  "passphrase_cancel": null,
                  "passphrase_error": null,
                  "passphrase_label": null,
                  "passphrase_message": null,
                  "passphrase_submit": null,
                  "passphrase_title": null,
                  "privacy_policy_accept_label": null,
                  "privacy_policy_error": null,
                  "privacy_policy_link": null,
                  "privacy_policy_text": null,
                  "required_field_label": null,
                  "sign_in_label": null,
                  "sms_carrier_default": null,
                  "sms_carrier_error": null,
                  "sms_carrier_field_label": null,
                  "sms_code_cancel": null,
                  "sms_code_error": null,
                  "sms_code_field_label": null,
                  "sms_code_message": null,
                  "sms_code_submit": null,
                  "sms_code_title": null,
                  "sms_country_field_label": null,
                  "sms_country_format": null,
                  "sms_have_access_code": "a",
                  "sms_message_format": null,
                  "sms_number_cancel": null,
                  "sms_number_error": null,
                  "sms_number_field_label": null,
                  "sms_number_format": null,
                  "sms_number_message": null,
                  "sms_number_submit": null,
                  "sms_number_title": null,
                  "sms_username_format": null,
                  "sponsor_back_link": null,
                  "sponsor_cancel": null,
                  "sponsor_email": null,
                  "sponsor_email_error": null,
                  "sponsor_info_approved": null,
                  "sponsor_info_denied": null,
                  "sponsor_info_pending": null,
                  "sponsor_name": null,
                  "sponsor_name_error": null,
                  "sponsor_note_pending": null,
                  "sponsor_request_access": null,
                  "sponsor_status_approved": null,
                  "sponsor_status_denied": null,
                  "sponsor_status_pending": null,
                  "sponsor_submit": null,
                  "sponsors_error": null,
                  "sponsors_field_label": null,
                  "tos_accept_label": null,
                  "tos_error": null,
                  "tos_link": null,
                  "tos_text": null,
                  "uth_button_amazon": null
                },
                "de-DE": {
                  "auth_button_amazon": null,
                  "auth_button_azure": null,
                  "auth_button_email": null,
                  "auth_button_facebook": null,
                  "auth_button_google": null,
                  "auth_button_microsoft": null,
                  "auth_button_passphrase": null,
                  "auth_button_sms": null,
                  "auth_button_sponsor": null,
                  "auth_label": null,
                  "back_link": null,
                  "company_error": null,
                  "company_label": null,
                  "email_access_domain_error": null,
                  "email_cancel": null,
                  "email_code_cancel": null,
                  "email_code_error": null,
                  "email_code_field_label": null,
                  "email_code_message": null,
                  "email_code_submit": null,
                  "email_code_title": null,
                  "email_error": null,
                  "email_field_label": null,
                  "email_label": null,
                  "email_message": null,
                  "email_submit": null,
                  "email_title": null,
                  "field1error": null,
                  "field1label": null,
                  "field2error": null,
                  "field2label": null,
                  "field3error": null,
                  "field3label": null,
                  "field4error": null,
                  "field4label": null,
                  "message": null,
                  "name_error": null,
                  "name_label": null,
                  "optout_label": null,
                  "page_title": null,
                  "passphrase_cancel": null,
                  "passphrase_error": null,
                  "passphrase_label": null,
                  "passphrase_message": null,
                  "passphrase_submit": null,
                  "passphrase_title": null,
                  "privacy_policy_accept_label": null,
                  "privacy_policy_error": null,
                  "privacy_policy_link": null,
                  "privacy_policy_text": null,
                  "required_field_label": null,
                  "sign_in_label": null,
                  "sms_carrier_default": null,
                  "sms_carrier_error": null,
                  "sms_carrier_field_label": null,
                  "sms_code_cancel": null,
                  "sms_code_error": null,
                  "sms_code_field_label": null,
                  "sms_code_message": null,
                  "sms_code_submit": null,
                  "sms_code_title": null,
                  "sms_country_field_label": null,
                  "sms_country_format": null,
                  "sms_have_access_code": "a",
                  "sms_message_format": null,
                  "sms_number_cancel": null,
                  "sms_number_error": null,
                  "sms_number_field_label": null,
                  "sms_number_format": null,
                  "sms_number_message": null,
                  "sms_number_submit": null,
                  "sms_number_title": null,
                  "sms_username_format": null,
                  "sponsor_back_link": null,
                  "sponsor_cancel": null,
                  "sponsor_email": null,
                  "sponsor_email_error": null,
                  "sponsor_info_approved": null,
                  "sponsor_info_denied": null,
                  "sponsor_info_pending": null,
                  "sponsor_name": null,
                  "sponsor_name_error": null,
                  "sponsor_note_pending": null,
                  "sponsor_request_access": null,
                  "sponsor_status_approved": null,
                  "sponsor_status_denied": null,
                  "sponsor_status_pending": null,
                  "sponsor_submit": null,
                  "sponsors_error": null,
                  "sponsors_field_label": null,
                  "tos_accept_label": null,
                  "tos_error": null,
                  "tos_link": null,
                  "tos_text": null,
                  "uth_button_amazon": null
                },
                "el-GR": {
                  "auth_button_amazon": null,
                  "auth_button_azure": null,
                  "auth_button_email": null,
                  "auth_button_facebook": null,
                  "auth_button_google": null,
                  "auth_button_microsoft": null,
                  "auth_button_passphrase": null,
                  "auth_button_sms": null,
                  "auth_button_sponsor": null,
                  "auth_label": null,
                  "back_link": null,
                  "company_error": null,
                  "company_label": null,
                  "email_access_domain_error": null,
                  "email_cancel": null,
                  "email_code_cancel": null,
                  "email_code_error": null,
                  "email_code_field_label": null,
                  "email_code_message": null,
                  "email_code_submit": null,
                  "email_code_title": null,
                  "email_error": null,
                  "email_field_label": null,
                  "email_label": null,
                  "email_message": null,
                  "email_submit": null,
                  "email_title": null,
                  "field1error": null,
                  "field1label": null,
                  "field2error": null,
                  "field2label": null,
                  "field3error": null,
                  "field3label": null,
                  "field4error": null,
                  "field4label": null,
                  "message": null,
                  "name_error": null,
                  "name_label": null,
                  "optout_label": null,
                  "page_title": null,
                  "passphrase_cancel": null,
                  "passphrase_error": null,
                  "passphrase_label": null,
                  "passphrase_message": null,
                  "passphrase_submit": null,
                  "passphrase_title": null,
                  "privacy_policy_accept_label": null,
                  "privacy_policy_error": null,
                  "privacy_policy_link": null,
                  "privacy_policy_text": null,
                  "required_field_label": null,
                  "sign_in_label": null,
                  "sms_carrier_default": null,
                  "sms_carrier_error": null,
                  "sms_carrier_field_label": null,
                  "sms_code_cancel": null,
                  "sms_code_error": null,
                  "sms_code_field_label": null,
                  "sms_code_message": null,
                  "sms_code_submit": null,
                  "sms_code_title": null,
                  "sms_country_field_label": null,
                  "sms_country_format": null,
                  "sms_have_access_code": "a",
                  "sms_message_format": null,
                  "sms_number_cancel": null,
                  "sms_number_error": null,
                  "sms_number_field_label": null,
                  "sms_number_format": null,
                  "sms_number_message": null,
                  "sms_number_submit": null,
                  "sms_number_title": null,
                  "sms_username_format": null,
                  "sponsor_back_link": null,
                  "sponsor_cancel": null,
                  "sponsor_email": null,
                  "sponsor_email_error": null,
                  "sponsor_info_approved": null,
                  "sponsor_info_denied": null,
                  "sponsor_info_pending": null,
                  "sponsor_name": null,
                  "sponsor_name_error": null,
                  "sponsor_note_pending": null,
                  "sponsor_request_access": null,
                  "sponsor_status_approved": null,
                  "sponsor_status_denied": null,
                  "sponsor_status_pending": null,
                  "sponsor_submit": null,
                  "sponsors_error": null,
                  "sponsors_field_label": null,
                  "tos_accept_label": null,
                  "tos_error": null,
                  "tos_link": null,
                  "tos_text": null,
                  "uth_button_amazon": null
                },
                "en-GB": {
                  "auth_button_amazon": null,
                  "auth_button_azure": null,
                  "auth_button_email": null,
                  "auth_button_facebook": null,
                  "auth_button_google": null,
                  "auth_button_microsoft": null,
                  "auth_button_passphrase": null,
                  "auth_button_sms": null,
                  "auth_button_sponsor": null,
                  "auth_label": null,
                  "back_link": null,
                  "company_error": null,
                  "company_label": null,
                  "email_access_domain_error": null,
                  "email_cancel": null,
                  "email_code_cancel": null,
                  "email_code_error": null,
                  "email_code_field_label": null,
                  "email_code_message": null,
                  "email_code_submit": null,
                  "email_code_title": null,
                  "email_error": null,
                  "email_field_label": null,
                  "email_label": null,
                  "email_message": null,
                  "email_submit": null,
                  "email_title": null,
                  "field1error": null,
                  "field1label": null,
                  "field2error": null,
                  "field2label": null,
                  "field3error": null,
                  "field3label": null,
                  "field4error": null,
                  "field4label": null,
                  "message": null,
                  "name_error": null,
                  "name_label": null,
                  "optout_label": null,
                  "page_title": null,
                  "passphrase_cancel": null,
                  "passphrase_error": null,
                  "passphrase_label": null,
                  "passphrase_message": null,
                  "passphrase_submit": null,
                  "passphrase_title": null,
                  "privacy_policy_accept_label": null,
                  "privacy_policy_error": null,
                  "privacy_policy_link": null,
                  "privacy_policy_text": null,
                  "required_field_label": null,
                  "sign_in_label": null,
                  "sms_carrier_default": null,
                  "sms_carrier_error": null,
                  "sms_carrier_field_label": null,
                  "sms_code_cancel": null,
                  "sms_code_error": null,
                  "sms_code_field_label": null,
                  "sms_code_message": null,
                  "sms_code_submit": null,
                  "sms_code_title": null,
                  "sms_country_field_label": null,
                  "sms_country_format": null,
                  "sms_have_access_code": "a",
                  "sms_message_format": null,
                  "sms_number_cancel": null,
                  "sms_number_error": null,
                  "sms_number_field_label": null,
                  "sms_number_format": null,
                  "sms_number_message": null,
                  "sms_number_submit": null,
                  "sms_number_title": null,
                  "sms_username_format": null,
                  "sponsor_back_link": null,
                  "sponsor_cancel": null,
                  "sponsor_email": null,
                  "sponsor_email_error": null,
                  "sponsor_info_approved": null,
                  "sponsor_info_denied": null,
                  "sponsor_info_pending": null,
                  "sponsor_name": null,
                  "sponsor_name_error": null,
                  "sponsor_note_pending": null,
                  "sponsor_request_access": null,
                  "sponsor_status_approved": null,
                  "sponsor_status_denied": null,
                  "sponsor_status_pending": null,
                  "sponsor_submit": null,
                  "sponsors_error": null,
                  "sponsors_field_label": null,
                  "tos_accept_label": null,
                  "tos_error": null,
                  "tos_link": null,
                  "tos_text": null,
                  "uth_button_amazon": null
                },
                "en-US": {
                  "auth_button_amazon": null,
                  "auth_button_azure": null,
                  "auth_button_email": null,
                  "auth_button_facebook": null,
                  "auth_button_google": null,
                  "auth_button_microsoft": null,
                  "auth_button_passphrase": null,
                  "auth_button_sms": null,
                  "auth_button_sponsor": null,
                  "auth_label": null,
                  "back_link": null,
                  "company_error": null,
                  "company_label": null,
                  "email_access_domain_error": null,
                  "email_cancel": null,
                  "email_code_cancel": null,
                  "email_code_error": null,
                  "email_code_field_label": null,
                  "email_code_message": null,
                  "email_code_submit": null,
                  "email_code_title": null,
                  "email_error": null,
                  "email_field_label": null,
                  "email_label": null,
                  "email_message": null,
                  "email_submit": null,
                  "email_title": null,
                  "field1error": null,
                  "field1label": null,
                  "field2error": null,
                  "field2label": null,
                  "field3error": null,
                  "field3label": null,
                  "field4error": null,
                  "field4label": null,
                  "message": null,
                  "name_error": null,
                  "name_label": null,
                  "optout_label": null,
                  "page_title": null,
                  "passphrase_cancel": null,
                  "passphrase_error": null,
                  "passphrase_label": null,
                  "passphrase_message": null,
                  "passphrase_submit": null,
                  "passphrase_title": null,
                  "privacy_policy_accept_label": null,
                  "privacy_policy_error": null,
                  "privacy_policy_link": null,
                  "privacy_policy_text": null,
                  "required_field_label": null,
                  "sign_in_label": null,
                  "sms_carrier_default": null,
                  "sms_carrier_error": null,
                  "sms_carrier_field_label": null,
                  "sms_code_cancel": null,
                  "sms_code_error": null,
                  "sms_code_field_label": null,
                  "sms_code_message": null,
                  "sms_code_submit": null,
                  "sms_code_title": null,
                  "sms_country_field_label": null,
                  "sms_country_format": null,
                  "sms_have_access_code": "a",
                  "sms_message_format": null,
                  "sms_number_cancel": null,
                  "sms_number_error": null,
                  "sms_number_field_label": null,
                  "sms_number_format": null,
                  "sms_number_message": null,
                  "sms_number_submit": null,
                  "sms_number_title": null,
                  "sms_username_format": null,
                  "sponsor_back_link": null,
                  "sponsor_cancel": null,
                  "sponsor_email": null,
                  "sponsor_email_error": null,
                  "sponsor_info_approved": null,
                  "sponsor_info_denied": null,
                  "sponsor_info_pending": null,
                  "sponsor_name": null,
                  "sponsor_name_error": null,
                  "sponsor_note_pending": null,
                  "sponsor_request_access": null,
                  "sponsor_status_approved": null,
                  "sponsor_status_denied": null,
                  "sponsor_status_pending": null,
                  "sponsor_submit": null,
                  "sponsors_error": null,
                  "sponsors_field_label": null,
                  "tos_accept_label": null,
                  "tos_error": null,
                  "tos_link": null,
                  "tos_text": null,
                  "uth_button_amazon": null
                },
                "es-ES": {
                  "auth_button_amazon": null,
                  "auth_button_azure": null,
                  "auth_button_email": null,
                  "auth_button_facebook": null,
                  "auth_button_google": null,
                  "auth_button_microsoft": null,
                  "auth_button_passphrase": null,
                  "auth_button_sms": null,
                  "auth_button_sponsor": null,
                  "auth_label": null,
                  "back_link": null,
                  "company_error": null,
                  "company_label": null,
                  "email_access_domain_error": null,
                  "email_cancel": null,
                  "email_code_cancel": null,
                  "email_code_error": null,
                  "email_code_field_label": null,
                  "email_code_message": null,
                  "email_code_submit": null,
                  "email_code_title": null,
                  "email_error": null,
                  "email_field_label": null,
                  "email_label": null,
                  "email_message": null,
                  "email_submit": null,
                  "email_title": null,
                  "field1error": null,
                  "field1label": null,
                  "field2error": null,
                  "field2label": null,
                  "field3error": null,
                  "field3label": null,
                  "field4error": null,
                  "field4label": null,
                  "message": null,
                  "name_error": null,
                  "name_label": null,
                  "optout_label": null,
                  "page_title": null,
                  "passphrase_cancel": null,
                  "passphrase_error": null,
                  "passphrase_label": null,
                  "passphrase_message": null,
                  "passphrase_submit": null,
                  "passphrase_title": null,
                  "privacy_policy_accept_label": null,
                  "privacy_policy_error": null,
                  "privacy_policy_link": null,
                  "privacy_policy_text": null,
                  "required_field_label": null,
                  "sign_in_label": null,
                  "sms_carrier_default": null,
                  "sms_carrier_error": null,
                  "sms_carrier_field_label": null,
                  "sms_code_cancel": null,
                  "sms_code_error": null,
                  "sms_code_field_label": null,
                  "sms_code_message": null,
                  "sms_code_submit": null,
                  "sms_code_title": null,
                  "sms_country_field_label": null,
                  "sms_country_format": null,
                  "sms_have_access_code": "a",
                  "sms_message_format": null,
                  "sms_number_cancel": null,
                  "sms_number_error": null,
                  "sms_number_field_label": null,
                  "sms_number_format": null,
                  "sms_number_message": null,
                  "sms_number_submit": null,
                  "sms_number_title": null,
                  "sms_username_format": null,
                  "sponsor_back_link": null,
                  "sponsor_cancel": null,
                  "sponsor_email": null,
                  "sponsor_email_error": null,
                  "sponsor_info_approved": null,
                  "sponsor_info_denied": null,
                  "sponsor_info_pending": null,
                  "sponsor_name": null,
                  "sponsor_name_error": null,
                  "sponsor_note_pending": null,
                  "sponsor_request_access": null,
                  "sponsor_status_approved": null,
                  "sponsor_status_denied": null,
                  "sponsor_status_pending": null,
                  "sponsor_submit": null,
                  "sponsors_error": null,
                  "sponsors_field_label": null,
                  "tos_accept_label": null,
                  "tos_error": null,
                  "tos_link": null,
                  "tos_text": null,
                  "uth_button_amazon": null
                },
                "fi-FI": {
                  "auth_button_amazon": null,
                  "auth_button_azure": null,
                  "auth_button_email": null,
                  "auth_button_facebook": null,
                  "auth_button_google": null,
                  "auth_button_microsoft": null,
                  "auth_button_passphrase": null,
                  "auth_button_sms": null,
                  "auth_button_sponsor": null,
                  "auth_label": null,
                  "back_link": null,
                  "company_error": null,
                  "company_label": null,
                  "email_access_domain_error": null,
                  "email_cancel": null,
                  "email_code_cancel": null,
                  "email_code_error": null,
                  "email_code_field_label": null,
                  "email_code_message": null,
                  "email_code_submit": null,
                  "email_code_title": null,
                  "email_error": null,
                  "email_field_label": null,
                  "email_label": null,
                  "email_message": null,
                  "email_submit": null,
                  "email_title": null,
                  "field1error": null,
                  "field1label": null,
                  "field2error": null,
                  "field2label": null,
                  "field3error": null,
                  "field3label": null,
                  "field4error": null,
                  "field4label": null,
                  "message": null,
                  "name_error": null,
                  "name_label": null,
                  "optout_label": null,
                  "page_title": null,
                  "passphrase_cancel": null,
                  "passphrase_error": null,
                  "passphrase_label": null,
                  "passphrase_message": null,
                  "passphrase_submit": null,
                  "passphrase_title": null,
                  "privacy_policy_accept_label": null,
                  "privacy_policy_error": null,
                  "privacy_policy_link": null,
                  "privacy_policy_text": null,
                  "required_field_label": null,
                  "sign_in_label": null,
                  "sms_carrier_default": null,
                  "sms_carrier_error": null,
                  "sms_carrier_field_label": null,
                  "sms_code_cancel": null,
                  "sms_code_error": null,
                  "sms_code_field_label": null,
                  "sms_code_message": null,
                  "sms_code_submit": null,
                  "sms_code_title": null,
                  "sms_country_field_label": null,
                  "sms_country_format": null,
                  "sms_have_access_code": "a",
                  "sms_message_format": null,
                  "sms_number_cancel": null,
                  "sms_number_error": null,
                  "sms_number_field_label": null,
                  "sms_number_format": null,
                  "sms_number_message": null,
                  "sms_number_submit": null,
                  "sms_number_title": null,
                  "sms_username_format": null,
                  "sponsor_back_link": null,
                  "sponsor_cancel": null,
                  "sponsor_email": null,
                  "sponsor_email_error": null,
                  "sponsor_info_approved": null,
                  "sponsor_info_denied": null,
                  "sponsor_info_pending": null,
                  "sponsor_name": null,
                  "sponsor_name_error": null,
                  "sponsor_note_pending": null,
                  "sponsor_request_access": null,
                  "sponsor_status_approved": null,
                  "sponsor_status_denied": null,
                  "sponsor_status_pending": null,
                  "sponsor_submit": null,
                  "sponsors_error": null,
                  "sponsors_field_label": null,
                  "tos_accept_label": null,
                  "tos_error": null,
                  "tos_link": null,
                  "tos_text": null,
                  "uth_button_amazon": null
                },
                "fr-FR": {
                  "auth_button_amazon": null,
                  "auth_button_azure": null,
                  "auth_button_email": null,
                  "auth_button_facebook": null,
                  "auth_button_google": null,
                  "auth_button_microsoft": null,
                  "auth_button_passphrase": null,
                  "auth_button_sms": null,
                  "auth_button_sponsor": null,
                  "auth_label": null,
                  "back_link": null,
                  "company_error": null,
                  "company_label": null,
                  "email_access_domain_error": null,
                  "email_cancel": null,
                  "email_code_cancel": null,
                  "email_code_error": null,
                  "email_code_field_label": null,
                  "email_code_message": null,
                  "email_code_submit": null,
                  "email_code_title": null,
                  "email_error": null,
                  "email_field_label": null,
                  "email_label": null,
                  "email_message": null,
                  "email_submit": null,
                  "email_title": null,
                  "field1error": null,
                  "field1label": null,
                  "field2error": null,
                  "field2label": null,
                  "field3error": null,
                  "field3label": null,
                  "field4error": null,
                  "field4label": null,
                  "message": null,
                  "name_error": null,
                  "name_label": null,
                  "optout_label": null,
                  "page_title": null,
                  "passphrase_cancel": null,
                  "passphrase_error": null,
                  "passphrase_label": null,
                  "passphrase_message": null,
                  "passphrase_submit": null,
                  "passphrase_title": null,
                  "privacy_policy_accept_label": null,
                  "privacy_policy_error": null,
                  "privacy_policy_link": null,
                  "privacy_policy_text": null,
                  "required_field_label": null,
                  "sign_in_label": null,
                  "sms_carrier_default": null,
                  "sms_carrier_error": null,
                  "sms_carrier_field_label": null,
                  "sms_code_cancel": null,
                  "sms_code_error": null,
                  "sms_code_field_label": null,
                  "sms_code_message": null,
                  "sms_code_submit": null,
                  "sms_code_title": null,
                  "sms_country_field_label": null,
                  "sms_country_format": null,
                  "sms_have_access_code": null,
                  "sms_message_format": null,
                  "sms_number_cancel": null,
                  "sms_number_error": null,
                  "sms_number_field_label": null,
                  "sms_number_format": null,
                  "sms_number_message": null,
                  "sms_number_submit": null,
                  "sms_number_title": null,
                  "sms_username_format": null,
                  "sponsor_back_link": null,
                  "sponsor_cancel": null,
                  "sponsor_email": null,
                  "sponsor_email_error": null,
                  "sponsor_info_approved": null,
                  "sponsor_info_denied": null,
                  "sponsor_info_pending": null,
                  "sponsor_name": null,
                  "sponsor_name_error": null,
                  "sponsor_note_pending": null,
                  "sponsor_request_access": null,
                  "sponsor_status_approved": "test portal 2",
                  "sponsor_status_denied": null,
                  "sponsor_status_pending": null,
                  "sponsor_submit": null,
                  "sponsors_error": null,
                  "sponsors_field_label": null,
                  "tos_accept_label": null,
                  "tos_error": null,
                  "tos_link": null,
                  "tos_text": null,
                  "uth_button_amazon": null
                },
                "he-IL": {
                  "auth_button_amazon": null,
                  "auth_button_azure": null,
                  "auth_button_email": null,
                  "auth_button_facebook": null,
                  "auth_button_google": null,
                  "auth_button_microsoft": null,
                  "auth_button_passphrase": null,
                  "auth_button_sms": null,
                  "auth_button_sponsor": null,
                  "auth_label": null,
                  "back_link": null,
                  "company_error": null,
                  "company_label": null,
                  "email_access_domain_error": null,
                  "email_cancel": null,
                  "email_code_cancel": null,
                  "email_code_error": null,
                  "email_code_field_label": null,
                  "email_code_message": null,
                  "email_code_submit": null,
                  "email_code_title": null,
                  "email_error": null,
                  "email_field_label": null,
                  "email_label": null,
                  "email_message": null,
                  "email_submit": null,
                  "email_title": null,
                  "field1error": null,
                  "field1label": null,
                  "field2error": null,
                  "field2label": null,
                  "field3error": null,
                  "field3label": null,
                  "field4error": null,
                  "field4label": null,
                  "message": null,
                  "name_error": null,
                  "name_label": null,
                  "optout_label": null,
                  "page_title": null,
                  "passphrase_cancel": null,
                  "passphrase_error": null,
                  "passphrase_label": null,
                  "passphrase_message": null,
                  "passphrase_submit": null,
                  "passphrase_title": null,
                  "privacy_policy_accept_label": null,
                  "privacy_policy_error": null,
                  "privacy_policy_link": null,
                  "privacy_policy_text": null,
                  "required_field_label": null,
                  "sign_in_label": null,
                  "sms_carrier_default": null,
                  "sms_carrier_error": null,
                  "sms_carrier_field_label": null,
                  "sms_code_cancel": null,
                  "sms_code_error": null,
                  "sms_code_field_label": null,
                  "sms_code_message": null,
                  "sms_code_submit": null,
                  "sms_code_title": null,
                  "sms_country_field_label": null,
                  "sms_country_format": null,
                  "sms_have_access_code": "a",
                  "sms_message_format": null,
                  "sms_number_cancel": null,
                  "sms_number_error": null,
                  "sms_number_field_label": null,
                  "sms_number_format": null,
                  "sms_number_message": null,
                  "sms_number_submit": null,
                  "sms_number_title": null,
                  "sms_username_format": null,
                  "sponsor_back_link": null,
                  "sponsor_cancel": null,
                  "sponsor_email": null,
                  "sponsor_email_error": null,
                  "sponsor_info_approved": null,
                  "sponsor_info_denied": null,
                  "sponsor_info_pending": null,
                  "sponsor_name": null,
                  "sponsor_name_error": null,
                  "sponsor_note_pending": null,
                  "sponsor_request_access": null,
                  "sponsor_status_approved": null,
                  "sponsor_status_denied": null,
                  "sponsor_status_pending": null,
                  "sponsor_submit": null,
                  "sponsors_error": null,
                  "sponsors_field_label": null,
                  "tos_accept_label": null,
                  "tos_error": null,
                  "tos_link": null,
                  "tos_text": null,
                  "uth_button_amazon": null
                },
                "hi-IN": {
                  "auth_button_amazon": null,
                  "auth_button_azure": null,
                  "auth_button_email": null,
                  "auth_button_facebook": null,
                  "auth_button_google": null,
                  "auth_button_microsoft": null,
                  "auth_button_passphrase": null,
                  "auth_button_sms": null,
                  "auth_button_sponsor": null,
                  "auth_label": null,
                  "back_link": null,
                  "company_error": null,
                  "company_label": null,
                  "email_access_domain_error": null,
                  "email_cancel": null,
                  "email_code_cancel": null,
                  "email_code_error": null,
                  "email_code_field_label": null,
                  "email_code_message": null,
                  "email_code_submit": null,
                  "email_code_title": null,
                  "email_error": null,
                  "email_field_label": null,
                  "email_label": null,
                  "email_message": null,
                  "email_submit": null,
                  "email_title": null,
                  "field1error": null,
                  "field1label": null,
                  "field2error": null,
                  "field2label": null,
                  "field3error": null,
                  "field3label": null,
                  "field4error": null,
                  "field4label": null,
                  "message": null,
                  "name_error": null,
                  "name_label": null,
                  "optout_label": null,
                  "page_title": null,
                  "passphrase_cancel": null,
                  "passphrase_error": null,
                  "passphrase_label": null,
                  "passphrase_message": null,
                  "passphrase_submit": null,
                  "passphrase_title": null,
                  "privacy_policy_accept_label": null,
                  "privacy_policy_error": null,
                  "privacy_policy_link": null,
                  "privacy_policy_text": null,
                  "required_field_label": null,
                  "sign_in_label": null,
                  "sms_carrier_default": null,
                  "sms_carrier_error": null,
                  "sms_carrier_field_label": null,
                  "sms_code_cancel": null,
                  "sms_code_error": null,
                  "sms_code_field_label": null,
                  "sms_code_message": null,
                  "sms_code_submit": null,
                  "sms_code_title": null,
                  "sms_country_field_label": null,
                  "sms_country_format": null,
                  "sms_have_access_code": "a",
                  "sms_message_format": null,
                  "sms_number_cancel": null,
                  "sms_number_error": null,
                  "sms_number_field_label": null,
                  "sms_number_format": null,
                  "sms_number_message": null,
                  "sms_number_submit": null,
                  "sms_number_title": null,
                  "sms_username_format": null,
                  "sponsor_back_link": null,
                  "sponsor_cancel": null,
                  "sponsor_email": null,
                  "sponsor_email_error": null,
                  "sponsor_info_approved": null,
                  "sponsor_info_denied": null,
                  "sponsor_info_pending": null,
                  "sponsor_name": null,
                  "sponsor_name_error": null,
                  "sponsor_note_pending": null,
                  "sponsor_request_access": null,
                  "sponsor_status_approved": null,
                  "sponsor_status_denied": null,
                  "sponsor_status_pending": null,
                  "sponsor_submit": null,
                  "sponsors_error": null,
                  "sponsors_field_label": null,
                  "tos_accept_label": null,
                  "tos_error": null,
                  "tos_link": null,
                  "tos_text": null,
                  "uth_button_amazon": null
                },
                "hr-HR": {
                  "auth_button_amazon": null,
                  "auth_button_azure": null,
                  "auth_button_email": null,
                  "auth_button_facebook": null,
                  "auth_button_google": null,
                  "auth_button_microsoft": null,
                  "auth_button_passphrase": null,
                  "auth_button_sms": null,
                  "auth_button_sponsor": null,
                  "auth_label": null,
                  "back_link": null,
                  "company_error": null,
                  "company_label": null,
                  "email_access_domain_error": null,
                  "email_cancel": null,
                  "email_code_cancel": null,
                  "email_code_error": null,
                  "email_code_field_label": null,
                  "email_code_message": null,
                  "email_code_submit": null,
                  "email_code_title": null,
                  "email_error": null,
                  "email_field_label": null,
                  "email_label": null,
                  "email_message": null,
                  "email_submit": null,
                  "email_title": null,
                  "field1error": null,
                  "field1label": null,
                  "field2error": null,
                  "field2label": null,
                  "field3error": null,
                  "field3label": null,
                  "field4error": null,
                  "field4label": null,
                  "message": null,
                  "name_error": null,
                  "name_label": null,
                  "optout_label": null,
                  "page_title": null,
                  "passphrase_cancel": null,
                  "passphrase_error": null,
                  "passphrase_label": null,
                  "passphrase_message": null,
                  "passphrase_submit": null,
                  "passphrase_title": null,
                  "privacy_policy_accept_label": null,
                  "privacy_policy_error": null,
                  "privacy_policy_link": null,
                  "privacy_policy_text": null,
                  "required_field_label": null,
                  "sign_in_label": null,
                  "sms_carrier_default": null,
                  "sms_carrier_error": null,
                  "sms_carrier_field_label": null,
                  "sms_code_cancel": null,
                  "sms_code_error": null,
                  "sms_code_field_label": null,
                  "sms_code_message": null,
                  "sms_code_submit": null,
                  "sms_code_title": null,
                  "sms_country_field_label": null,
                  "sms_country_format": null,
                  "sms_have_access_code": "a",
                  "sms_message_format": null,
                  "sms_number_cancel": null,
                  "sms_number_error": null,
                  "sms_number_field_label": null,
                  "sms_number_format": null,
                  "sms_number_message": null,
                  "sms_number_submit": null,
                  "sms_number_title": null,
                  "sms_username_format": null,
                  "sponsor_back_link": null,
                  "sponsor_cancel": null,
                  "sponsor_email": null,
                  "sponsor_email_error": null,
                  "sponsor_info_approved": null,
                  "sponsor_info_denied": null,
                  "sponsor_info_pending": null,
                  "sponsor_name": null,
                  "sponsor_name_error": null,
                  "sponsor_note_pending": null,
                  "sponsor_request_access": null,
                  "sponsor_status_approved": null,
                  "sponsor_status_denied": null,
                  "sponsor_status_pending": null,
                  "sponsor_submit": null,
                  "sponsors_error": null,
                  "sponsors_field_label": null,
                  "tos_accept_label": null,
                  "tos_error": null,
                  "tos_link": null,
                  "tos_text": null,
                  "uth_button_amazon": null
                },
                "hu-HU": {
                  "auth_button_amazon": null,
                  "auth_button_azure": null,
                  "auth_button_email": null,
                  "auth_button_facebook": null,
                  "auth_button_google": null,
                  "auth_button_microsoft": null,
                  "auth_button_passphrase": null,
                  "auth_button_sms": null,
                  "auth_button_sponsor": null,
                  "auth_label": null,
                  "back_link": null,
                  "company_error": null,
                  "company_label": null,
                  "email_access_domain_error": null,
                  "email_cancel": null,
                  "email_code_cancel": null,
                  "email_code_error": null,
                  "email_code_field_label": null,
                  "email_code_message": null,
                  "email_code_submit": null,
                  "email_code_title": null,
                  "email_error": null,
                  "email_field_label": null,
                  "email_label": null,
                  "email_message": null,
                  "email_submit": null,
                  "email_title": null,
                  "field1error": null,
                  "field1label": null,
                  "field2error": null,
                  "field2label": null,
                  "field3error": null,
                  "field3label": null,
                  "field4error": null,
                  "field4label": null,
                  "message": null,
                  "name_error": null,
                  "name_label": null,
                  "optout_label": null,
                  "page_title": null,
                  "passphrase_cancel": null,
                  "passphrase_error": null,
                  "passphrase_label": null,
                  "passphrase_message": null,
                  "passphrase_submit": null,
                  "passphrase_title": null,
                  "privacy_policy_accept_label": null,
                  "privacy_policy_error": null,
                  "privacy_policy_link": null,
                  "privacy_policy_text": null,
                  "required_field_label": null,
                  "sign_in_label": null,
                  "sms_carrier_default": null,
                  "sms_carrier_error": null,
                  "sms_carrier_field_label": null,
                  "sms_code_cancel": null,
                  "sms_code_error": null,
                  "sms_code_field_label": null,
                  "sms_code_message": null,
                  "sms_code_submit": null,
                  "sms_code_title": null,
                  "sms_country_field_label": null,
                  "sms_country_format": null,
                  "sms_have_access_code": "a",
                  "sms_message_format": null,
                  "sms_number_cancel": null,
                  "sms_number_error": null,
                  "sms_number_field_label": null,
                  "sms_number_format": null,
                  "sms_number_message": null,
                  "sms_number_submit": null,
                  "sms_number_title": null,
                  "sms_username_format": null,
                  "sponsor_back_link": null,
                  "sponsor_cancel": null,
                  "sponsor_email": null,
                  "sponsor_email_error": null,
                  "sponsor_info_approved": null,
                  "sponsor_info_denied": null,
                  "sponsor_info_pending": null,
                  "sponsor_name": null,
                  "sponsor_name_error": null,
                  "sponsor_note_pending": null,
                  "sponsor_request_access": null,
                  "sponsor_status_approved": null,
                  "sponsor_status_denied": null,
                  "sponsor_status_pending": null,
                  "sponsor_submit": null,
                  "sponsors_error": null,
                  "sponsors_field_label": null,
                  "tos_accept_label": null,
                  "tos_error": null,
                  "tos_link": null,
                  "tos_text": null,
                  "uth_button_amazon": null
                },
                "id-ID": {
                  "auth_button_amazon": null,
                  "auth_button_azure": null,
                  "auth_button_email": null,
                  "auth_button_facebook": null,
                  "auth_button_google": null,
                  "auth_button_microsoft": null,
                  "auth_button_passphrase": null,
                  "auth_button_sms": null,
                  "auth_button_sponsor": null,
                  "auth_label": null,
                  "back_link": null,
                  "company_error": null,
                  "company_label": null,
                  "email_access_domain_error": null,
                  "email_cancel": null,
                  "email_code_cancel": null,
                  "email_code_error": null,
                  "email_code_field_label": null,
                  "email_code_message": null,
                  "email_code_submit": null,
                  "email_code_title": null,
                  "email_error": null,
                  "email_field_label": null,
                  "email_label": null,
                  "email_message": null,
                  "email_submit": null,
                  "email_title": null,
                  "field1error": null,
                  "field1label": null,
                  "field2error": null,
                  "field2label": null,
                  "field3error": null,
                  "field3label": null,
                  "field4error": null,
                  "field4label": null,
                  "message": null,
                  "name_error": null,
                  "name_label": null,
                  "optout_label": null,
                  "page_title": null,
                  "passphrase_cancel": null,
                  "passphrase_error": null,
                  "passphrase_label": null,
                  "passphrase_message": null,
                  "passphrase_submit": null,
                  "passphrase_title": null,
                  "privacy_policy_accept_label": null,
                  "privacy_policy_error": null,
                  "privacy_policy_link": null,
                  "privacy_policy_text": null,
                  "required_field_label": null,
                  "sign_in_label": null,
                  "sms_carrier_default": null,
                  "sms_carrier_error": null,
                  "sms_carrier_field_label": null,
                  "sms_code_cancel": null,
                  "sms_code_error": null,
                  "sms_code_field_label": null,
                  "sms_code_message": null,
                  "sms_code_submit": null,
                  "sms_code_title": null,
                  "sms_country_field_label": null,
                  "sms_country_format": null,
                  "sms_have_access_code": "a",
                  "sms_message_format": null,
                  "sms_number_cancel": null,
                  "sms_number_error": null,
                  "sms_number_field_label": null,
                  "sms_number_format": null,
                  "sms_number_message": null,
                  "sms_number_submit": null,
                  "sms_number_title": null,
                  "sms_username_format": null,
                  "sponsor_back_link": null,
                  "sponsor_cancel": null,
                  "sponsor_email": null,
                  "sponsor_email_error": null,
                  "sponsor_info_approved": null,
                  "sponsor_info_denied": null,
                  "sponsor_info_pending": null,
                  "sponsor_name": null,
                  "sponsor_name_error": null,
                  "sponsor_note_pending": null,
                  "sponsor_request_access": null,
                  "sponsor_status_approved": null,
                  "sponsor_status_denied": null,
                  "sponsor_status_pending": null,
                  "sponsor_submit": null,
                  "sponsors_error": null,
                  "sponsors_field_label": null,
                  "tos_accept_label": null,
                  "tos_error": null,
                  "tos_link": null,
                  "tos_text": null,
                  "uth_button_amazon": null
                },
                "it-IT": {
                  "auth_button_amazon": null,
                  "auth_button_azure": null,
                  "auth_button_email": null,
                  "auth_button_facebook": null,
                  "auth_button_google": null,
                  "auth_button_microsoft": null,
                  "auth_button_passphrase": null,
                  "auth_button_sms": null,
                  "auth_button_sponsor": null,
                  "auth_label": null,
                  "back_link": null,
                  "company_error": null,
                  "company_label": null,
                  "email_access_domain_error": null,
                  "email_cancel": null,
                  "email_code_cancel": null,
                  "email_code_error": null,
                  "email_code_field_label": null,
                  "email_code_message": null,
                  "email_code_submit": null,
                  "email_code_title": null,
                  "email_error": null,
                  "email_field_label": null,
                  "email_label": null,
                  "email_message": null,
                  "email_submit": null,
                  "email_title": null,
                  "field1error": null,
                  "field1label": null,
                  "field2error": null,
                  "field2label": null,
                  "field3error": null,
                  "field3label": null,
                  "field4error": null,
                  "field4label": null,
                  "message": null,
                  "name_error": null,
                  "name_label": null,
                  "optout_label": null,
                  "page_title": null,
                  "passphrase_cancel": null,
                  "passphrase_error": null,
                  "passphrase_label": null,
                  "passphrase_message": null,
                  "passphrase_submit": null,
                  "passphrase_title": null,
                  "privacy_policy_accept_label": null,
                  "privacy_policy_error": null,
                  "privacy_policy_link": null,
                  "privacy_policy_text": null,
                  "required_field_label": null,
                  "sign_in_label": null,
                  "sms_carrier_default": null,
                  "sms_carrier_error": null,
                  "sms_carrier_field_label": null,
                  "sms_code_cancel": null,
                  "sms_code_error": null,
                  "sms_code_field_label": null,
                  "sms_code_message": null,
                  "sms_code_submit": null,
                  "sms_code_title": null,
                  "sms_country_field_label": null,
                  "sms_country_format": null,
                  "sms_have_access_code": "a",
                  "sms_message_format": null,
                  "sms_number_cancel": null,
                  "sms_number_error": null,
                  "sms_number_field_label": null,
                  "sms_number_format": null,
                  "sms_number_message": null,
                  "sms_number_submit": null,
                  "sms_number_title": null,
                  "sms_username_format": null,
                  "sponsor_back_link": null,
                  "sponsor_cancel": null,
                  "sponsor_email": null,
                  "sponsor_email_error": null,
                  "sponsor_info_approved": null,
                  "sponsor_info_denied": null,
                  "sponsor_info_pending": null,
                  "sponsor_name": null,
                  "sponsor_name_error": null,
                  "sponsor_note_pending": null,
                  "sponsor_request_access": null,
                  "sponsor_status_approved": null,
                  "sponsor_status_denied": null,
                  "sponsor_status_pending": null,
                  "sponsor_submit": null,
                  "sponsors_error": null,
                  "sponsors_field_label": null,
                  "tos_accept_label": null,
                  "tos_error": null,
                  "tos_link": null,
                  "tos_text": null,
                  "uth_button_amazon": null
                },
                "ja-JP": {
                  "auth_button_amazon": null,
                  "auth_button_azure": null,
                  "auth_button_email": null,
                  "auth_button_facebook": null,
                  "auth_button_google": null,
                  "auth_button_microsoft": null,
                  "auth_button_passphrase": null,
                  "auth_button_sms": null,
                  "auth_button_sponsor": null,
                  "auth_label": null,
                  "back_link": null,
                  "company_error": null,
                  "company_label": null,
                  "email_access_domain_error": null,
                  "email_cancel": null,
                  "email_code_cancel": null,
                  "email_code_error": null,
                  "email_code_field_label": null,
                  "email_code_message": null,
                  "email_code_submit": null,
                  "email_code_title": null,
                  "email_error": null,
                  "email_field_label": null,
                  "email_label": null,
                  "email_message": null,
                  "email_submit": null,
                  "email_title": null,
                  "field1error": null,
                  "field1label": null,
                  "field2error": null,
                  "field2label": null,
                  "field3error": null,
                  "field3label": null,
                  "field4error": null,
                  "field4label": null,
                  "message": null,
                  "name_error": null,
                  "name_label": null,
                  "optout_label": null,
                  "page_title": null,
                  "passphrase_cancel": null,
                  "passphrase_error": null,
                  "passphrase_label": null,
                  "passphrase_message": null,
                  "passphrase_submit": null,
                  "passphrase_title": null,
                  "privacy_policy_accept_label": null,
                  "privacy_policy_error": null,
                  "privacy_policy_link": null,
                  "privacy_policy_text": null,
                  "required_field_label": null,
                  "sign_in_label": null,
                  "sms_carrier_default": null,
                  "sms_carrier_error": null,
                  "sms_carrier_field_label": null,
                  "sms_code_cancel": null,
                  "sms_code_error": null,
                  "sms_code_field_label": null,
                  "sms_code_message": null,
                  "sms_code_submit": null,
                  "sms_code_title": null,
                  "sms_country_field_label": null,
                  "sms_country_format": null,
                  "sms_have_access_code": "a",
                  "sms_message_format": null,
                  "sms_number_cancel": null,
                  "sms_number_error": null,
                  "sms_number_field_label": null,
                  "sms_number_format": null,
                  "sms_number_message": null,
                  "sms_number_submit": null,
                  "sms_number_title": null,
                  "sms_username_format": null,
                  "sponsor_back_link": null,
                  "sponsor_cancel": null,
                  "sponsor_email": null,
                  "sponsor_email_error": null,
                  "sponsor_info_approved": null,
                  "sponsor_info_denied": null,
                  "sponsor_info_pending": null,
                  "sponsor_name": null,
                  "sponsor_name_error": null,
                  "sponsor_note_pending": null,
                  "sponsor_request_access": null,
                  "sponsor_status_approved": null,
                  "sponsor_status_denied": null,
                  "sponsor_status_pending": null,
                  "sponsor_submit": null,
                  "sponsors_error": null,
                  "sponsors_field_label": null,
                  "tos_accept_label": null,
                  "tos_error": null,
                  "tos_link": null,
                  "tos_text": null,
                  "uth_button_amazon": null
                },
                "ko-KR": {
                  "auth_button_amazon": null,
                  "auth_button_azure": null,
                  "auth_button_email": null,
                  "auth_button_facebook": null,
                  "auth_button_google": null,
                  "auth_button_microsoft": null,
                  "auth_button_passphrase": null,
                  "auth_button_sms": null,
                  "auth_button_sponsor": null,
                  "auth_label": null,
                  "back_link": null,
                  "company_error": null,
                  "company_label": null,
                  "email_access_domain_error": null,
                  "email_cancel": null,
                  "email_code_cancel": null,
                  "email_code_error": null,
                  "email_code_field_label": null,
                  "email_code_message": null,
                  "email_code_submit": null,
                  "email_code_title": null,
                  "email_error": null,
                  "email_field_label": null,
                  "email_label": null,
                  "email_message": null,
                  "email_submit": null,
                  "email_title": null,
                  "field1error": null,
                  "field1label": null,
                  "field2error": null,
                  "field2label": null,
                  "field3error": null,
                  "field3label": null,
                  "field4error": null,
                  "field4label": null,
                  "message": null,
                  "name_error": null,
                  "name_label": null,
                  "optout_label": null,
                  "page_title": null,
                  "passphrase_cancel": null,
                  "passphrase_error": null,
                  "passphrase_label": null,
                  "passphrase_message": null,
                  "passphrase_submit": null,
                  "passphrase_title": null,
                  "privacy_policy_accept_label": null,
                  "privacy_policy_error": null,
                  "privacy_policy_link": null,
                  "privacy_policy_text": null,
                  "required_field_label": null,
                  "sign_in_label": null,
                  "sms_carrier_default": null,
                  "sms_carrier_error": null,
                  "sms_carrier_field_label": null,
                  "sms_code_cancel": null,
                  "sms_code_error": null,
                  "sms_code_field_label": null,
                  "sms_code_message": null,
                  "sms_code_submit": null,
                  "sms_code_title": null,
                  "sms_country_field_label": null,
                  "sms_country_format": null,
                  "sms_have_access_code": "a",
                  "sms_message_format": null,
                  "sms_number_cancel": null,
                  "sms_number_error": null,
                  "sms_number_field_label": null,
                  "sms_number_format": null,
                  "sms_number_message": null,
                  "sms_number_submit": null,
                  "sms_number_title": null,
                  "sms_username_format": null,
                  "sponsor_back_link": null,
                  "sponsor_cancel": null,
                  "sponsor_email": null,
                  "sponsor_email_error": null,
                  "sponsor_info_approved": null,
                  "sponsor_info_denied": null,
                  "sponsor_info_pending": null,
                  "sponsor_name": null,
                  "sponsor_name_error": null,
                  "sponsor_note_pending": null,
                  "sponsor_request_access": null,
                  "sponsor_status_approved": null,
                  "sponsor_status_denied": null,
                  "sponsor_status_pending": null,
                  "sponsor_submit": null,
                  "sponsors_error": null,
                  "sponsors_field_label": null,
                  "tos_accept_label": null,
                  "tos_error": null,
                  "tos_link": null,
                  "tos_text": null,
                  "uth_button_amazon": null
                },
                "ms-MY": {
                  "auth_button_amazon": null,
                  "auth_button_azure": null,
                  "auth_button_email": null,
                  "auth_button_facebook": null,
                  "auth_button_google": null,
                  "auth_button_microsoft": null,
                  "auth_button_passphrase": null,
                  "auth_button_sms": null,
                  "auth_button_sponsor": null,
                  "auth_label": null,
                  "back_link": null,
                  "company_error": null,
                  "company_label": null,
                  "email_access_domain_error": null,
                  "email_cancel": null,
                  "email_code_cancel": null,
                  "email_code_error": null,
                  "email_code_field_label": null,
                  "email_code_message": null,
                  "email_code_submit": null,
                  "email_code_title": null,
                  "email_error": null,
                  "email_field_label": null,
                  "email_label": null,
                  "email_message": null,
                  "email_submit": null,
                  "email_title": null,
                  "field1error": null,
                  "field1label": null,
                  "field2error": null,
                  "field2label": null,
                  "field3error": null,
                  "field3label": null,
                  "field4error": null,
                  "field4label": null,
                  "message": null,
                  "name_error": null,
                  "name_label": null,
                  "optout_label": null,
                  "page_title": null,
                  "passphrase_cancel": null,
                  "passphrase_error": null,
                  "passphrase_label": null,
                  "passphrase_message": null,
                  "passphrase_submit": null,
                  "passphrase_title": null,
                  "privacy_policy_accept_label": null,
                  "privacy_policy_error": null,
                  "privacy_policy_link": null,
                  "privacy_policy_text": null,
                  "required_field_label": null,
                  "sign_in_label": null,
                  "sms_carrier_default": null,
                  "sms_carrier_error": null,
                  "sms_carrier_field_label": null,
                  "sms_code_cancel": null,
                  "sms_code_error": null,
                  "sms_code_field_label": null,
                  "sms_code_message": null,
                  "sms_code_submit": null,
                  "sms_code_title": null,
                  "sms_country_field_label": null,
                  "sms_country_format": null,
                  "sms_have_access_code": "a",
                  "sms_message_format": null,
                  "sms_number_cancel": null,
                  "sms_number_error": null,
                  "sms_number_field_label": null,
                  "sms_number_format": null,
                  "sms_number_message": null,
                  "sms_number_submit": null,
                  "sms_number_title": null,
                  "sms_username_format": null,
                  "sponsor_back_link": null,
                  "sponsor_cancel": null,
                  "sponsor_email": null,
                  "sponsor_email_error": null,
                  "sponsor_info_approved": null,
                  "sponsor_info_denied": null,
                  "sponsor_info_pending": null,
                  "sponsor_name": null,
                  "sponsor_name_error": null,
                  "sponsor_note_pending": null,
                  "sponsor_request_access": null,
                  "sponsor_status_approved": null,
                  "sponsor_status_denied": null,
                  "sponsor_status_pending": null,
                  "sponsor_submit": null,
                  "sponsors_error": null,
                  "sponsors_field_label": null,
                  "tos_accept_label": null,
                  "tos_error": null,
                  "tos_link": null,
                  "tos_text": null,
                  "uth_button_amazon": null
                },
                "nb-NO": {
                  "auth_button_amazon": null,
                  "auth_button_azure": null,
                  "auth_button_email": null,
                  "auth_button_facebook": null,
                  "auth_button_google": null,
                  "auth_button_microsoft": null,
                  "auth_button_passphrase": null,
                  "auth_button_sms": null,
                  "auth_button_sponsor": null,
                  "auth_label": null,
                  "back_link": null,
                  "company_error": null,
                  "company_label": null,
                  "email_access_domain_error": null,
                  "email_cancel": null,
                  "email_code_cancel": null,
                  "email_code_error": null,
                  "email_code_field_label": null,
                  "email_code_message": null,
                  "email_code_submit": null,
                  "email_code_title": null,
                  "email_error": null,
                  "email_field_label": null,
                  "email_label": null,
                  "email_message": null,
                  "email_submit": null,
                  "email_title": null,
                  "field1error": null,
                  "field1label": null,
                  "field2error": null,
                  "field2label": null,
                  "field3error": null,
                  "field3label": null,
                  "field4error": null,
                  "field4label": null,
                  "message": null,
                  "name_error": null,
                  "name_label": null,
                  "optout_label": null,
                  "page_title": null,
                  "passphrase_cancel": null,
                  "passphrase_error": null,
                  "passphrase_label": null,
                  "passphrase_message": null,
                  "passphrase_submit": null,
                  "passphrase_title": null,
                  "privacy_policy_accept_label": null,
                  "privacy_policy_error": null,
                  "privacy_policy_link": null,
                  "privacy_policy_text": null,
                  "required_field_label": null,
                  "sign_in_label": null,
                  "sms_carrier_default": null,
                  "sms_carrier_error": null,
                  "sms_carrier_field_label": null,
                  "sms_code_cancel": null,
                  "sms_code_error": null,
                  "sms_code_field_label": null,
                  "sms_code_message": null,
                  "sms_code_submit": null,
                  "sms_code_title": null,
                  "sms_country_field_label": null,
                  "sms_country_format": null,
                  "sms_have_access_code": "a",
                  "sms_message_format": null,
                  "sms_number_cancel": null,
                  "sms_number_error": null,
                  "sms_number_field_label": null,
                  "sms_number_format": null,
                  "sms_number_message": null,
                  "sms_number_submit": null,
                  "sms_number_title": null,
                  "sms_username_format": null,
                  "sponsor_back_link": null,
                  "sponsor_cancel": null,
                  "sponsor_email": null,
                  "sponsor_email_error": null,
                  "sponsor_info_approved": null,
                  "sponsor_info_denied": null,
                  "sponsor_info_pending": null,
                  "sponsor_name": null,
                  "sponsor_name_error": null,
                  "sponsor_note_pending": null,
                  "sponsor_request_access": null,
                  "sponsor_status_approved": null,
                  "sponsor_status_denied": null,
                  "sponsor_status_pending": null,
                  "sponsor_submit": null,
                  "sponsors_error": null,
                  "sponsors_field_label": null,
                  "tos_accept_label": null,
                  "tos_error": null,
                  "tos_link": null,
                  "tos_text": null,
                  "uth_button_amazon": null
                },
                "nl-NL": {
                  "auth_button_amazon": null,
                  "auth_button_azure": null,
                  "auth_button_email": null,
                  "auth_button_facebook": null,
                  "auth_button_google": null,
                  "auth_button_microsoft": null,
                  "auth_button_passphrase": null,
                  "auth_button_sms": null,
                  "auth_button_sponsor": null,
                  "auth_label": null,
                  "back_link": null,
                  "company_error": null,
                  "company_label": null,
                  "email_access_domain_error": null,
                  "email_cancel": null,
                  "email_code_cancel": null,
                  "email_code_error": null,
                  "email_code_field_label": null,
                  "email_code_message": null,
                  "email_code_submit": null,
                  "email_code_title": null,
                  "email_error": null,
                  "email_field_label": null,
                  "email_label": null,
                  "email_message": null,
                  "email_submit": null,
                  "email_title": null,
                  "field1error": null,
                  "field1label": null,
                  "field2error": null,
                  "field2label": null,
                  "field3error": null,
                  "field3label": null,
                  "field4error": null,
                  "field4label": null,
                  "message": null,
                  "name_error": null,
                  "name_label": null,
                  "optout_label": null,
                  "page_title": null,
                  "passphrase_cancel": null,
                  "passphrase_error": null,
                  "passphrase_label": null,
                  "passphrase_message": null,
                  "passphrase_submit": null,
                  "passphrase_title": null,
                  "privacy_policy_accept_label": null,
                  "privacy_policy_error": null,
                  "privacy_policy_link": null,
                  "privacy_policy_text": null,
                  "required_field_label": null,
                  "sign_in_label": null,
                  "sms_carrier_default": null,
                  "sms_carrier_error": null,
                  "sms_carrier_field_label": null,
                  "sms_code_cancel": null,
                  "sms_code_error": null,
                  "sms_code_field_label": null,
                  "sms_code_message": null,
                  "sms_code_submit": null,
                  "sms_code_title": null,
                  "sms_country_field_label": null,
                  "sms_country_format": null,
                  "sms_have_access_code": "a",
                  "sms_message_format": null,
                  "sms_number_cancel": null,
                  "sms_number_error": null,
                  "sms_number_field_label": null,
                  "sms_number_format": null,
                  "sms_number_message": null,
                  "sms_number_submit": null,
                  "sms_number_title": null,
                  "sms_username_format": null,
                  "sponsor_back_link": null,
                  "sponsor_cancel": null,
                  "sponsor_email": null,
                  "sponsor_email_error": null,
                  "sponsor_info_approved": null,
                  "sponsor_info_denied": null,
                  "sponsor_info_pending": null,
                  "sponsor_name": null,
                  "sponsor_name_error": null,
                  "sponsor_note_pending": null,
                  "sponsor_request_access": null,
                  "sponsor_status_approved": null,
                  "sponsor_status_denied": null,
                  "sponsor_status_pending": null,
                  "sponsor_submit": null,
                  "sponsors_error": null,
                  "sponsors_field_label": null,
                  "tos_accept_label": null,
                  "tos_error": null,
                  "tos_link": null,
                  "tos_text": null,
                  "uth_button_amazon": null
                },
                "pl-PL": {
                  "auth_button_amazon": null,
                  "auth_button_azure": null,
                  "auth_button_email": null,
                  "auth_button_facebook": null,
                  "auth_button_google": null,
                  "auth_button_microsoft": null,
                  "auth_button_passphrase": null,
                  "auth_button_sms": null,
                  "auth_button_sponsor": null,
                  "auth_label": null,
                  "back_link": null,
                  "company_error": null,
                  "company_label": null,
                  "email_access_domain_error": null,
                  "email_cancel": null,
                  "email_code_cancel": null,
                  "email_code_error": null,
                  "email_code_field_label": null,
                  "email_code_message": null,
                  "email_code_submit": null,
                  "email_code_title": null,
                  "email_error": null,
                  "email_field_label": null,
                  "email_label": null,
                  "email_message": null,
                  "email_submit": null,
                  "email_title": null,
                  "field1error": null,
                  "field1label": null,
                  "field2error": null,
                  "field2label": null,
                  "field3error": null,
                  "field3label": null,
                  "field4error": null,
                  "field4label": null,
                  "message": null,
                  "name_error": null,
                  "name_label": null,
                  "optout_label": null,
                  "page_title": null,
                  "passphrase_cancel": null,
                  "passphrase_error": null,
                  "passphrase_label": null,
                  "passphrase_message": null,
                  "passphrase_submit": null,
                  "passphrase_title": null,
                  "privacy_policy_accept_label": null,
                  "privacy_policy_error": null,
                  "privacy_policy_link": null,
                  "privacy_policy_text": null,
                  "required_field_label": null,
                  "sign_in_label": null,
                  "sms_carrier_default": null,
                  "sms_carrier_error": null,
                  "sms_carrier_field_label": null,
                  "sms_code_cancel": null,
                  "sms_code_error": null,
                  "sms_code_field_label": null,
                  "sms_code_message": null,
                  "sms_code_submit": null,
                  "sms_code_title": null,
                  "sms_country_field_label": null,
                  "sms_country_format": null,
                  "sms_have_access_code": "a",
                  "sms_message_format": null,
                  "sms_number_cancel": null,
                  "sms_number_error": null,
                  "sms_number_field_label": null,
                  "sms_number_format": null,
                  "sms_number_message": null,
                  "sms_number_submit": null,
                  "sms_number_title": null,
                  "sms_username_format": null,
                  "sponsor_back_link": null,
                  "sponsor_cancel": null,
                  "sponsor_email": null,
                  "sponsor_email_error": null,
                  "sponsor_info_approved": null,
                  "sponsor_info_denied": null,
                  "sponsor_info_pending": null,
                  "sponsor_name": null,
                  "sponsor_name_error": null,
                  "sponsor_note_pending": null,
                  "sponsor_request_access": null,
                  "sponsor_status_approved": null,
                  "sponsor_status_denied": null,
                  "sponsor_status_pending": null,
                  "sponsor_submit": null,
                  "sponsors_error": null,
                  "sponsors_field_label": null,
                  "tos_accept_label": null,
                  "tos_error": null,
                  "tos_link": null,
                  "tos_text": null,
                  "uth_button_amazon": null
                },
                "pt-BR": {
                  "auth_button_amazon": null,
                  "auth_button_azure": null,
                  "auth_button_email": null,
                  "auth_button_facebook": null,
                  "auth_button_google": null,
                  "auth_button_microsoft": null,
                  "auth_button_passphrase": null,
                  "auth_button_sms": null,
                  "auth_button_sponsor": null,
                  "auth_label": null,
                  "back_link": null,
                  "company_error": null,
                  "company_label": null,
                  "email_access_domain_error": null,
                  "email_cancel": null,
                  "email_code_cancel": null,
                  "email_code_error": null,
                  "email_code_field_label": null,
                  "email_code_message": null,
                  "email_code_submit": null,
                  "email_code_title": null,
                  "email_error": null,
                  "email_field_label": null,
                  "email_label": null,
                  "email_message": null,
                  "email_submit": null,
                  "email_title": null,
                  "field1error": null,
                  "field1label": null,
                  "field2error": null,
                  "field2label": null,
                  "field3error": null,
                  "field3label": null,
                  "field4error": null,
                  "field4label": null,
                  "message": null,
                  "name_error": null,
                  "name_label": null,
                  "optout_label": null,
                  "page_title": null,
                  "passphrase_cancel": null,
                  "passphrase_error": null,
                  "passphrase_label": null,
                  "passphrase_message": null,
                  "passphrase_submit": null,
                  "passphrase_title": null,
                  "privacy_policy_accept_label": null,
                  "privacy_policy_error": null,
                  "privacy_policy_link": null,
                  "privacy_policy_text": null,
                  "required_field_label": null,
                  "sign_in_label": null,
                  "sms_carrier_default": null,
                  "sms_carrier_error": null,
                  "sms_carrier_field_label": null,
                  "sms_code_cancel": null,
                  "sms_code_error": null,
                  "sms_code_field_label": null,
                  "sms_code_message": null,
                  "sms_code_submit": null,
                  "sms_code_title": null,
                  "sms_country_field_label": null,
                  "sms_country_format": null,
                  "sms_have_access_code": "a",
                  "sms_message_format": null,
                  "sms_number_cancel": null,
                  "sms_number_error": null,
                  "sms_number_field_label": null,
                  "sms_number_format": null,
                  "sms_number_message": null,
                  "sms_number_submit": null,
                  "sms_number_title": null,
                  "sms_username_format": null,
                  "sponsor_back_link": null,
                  "sponsor_cancel": null,
                  "sponsor_email": null,
                  "sponsor_email_error": null,
                  "sponsor_info_approved": null,
                  "sponsor_info_denied": null,
                  "sponsor_info_pending": null,
                  "sponsor_name": null,
                  "sponsor_name_error": null,
                  "sponsor_note_pending": null,
                  "sponsor_request_access": null,
                  "sponsor_status_approved": null,
                  "sponsor_status_denied": null,
                  "sponsor_status_pending": null,
                  "sponsor_submit": null,
                  "sponsors_error": null,
                  "sponsors_field_label": null,
                  "tos_accept_label": null,
                  "tos_error": null,
                  "tos_link": null,
                  "tos_text": null,
                  "uth_button_amazon": null
                },
                "pt-PT": {
                  "auth_button_amazon": null,
                  "auth_button_azure": null,
                  "auth_button_email": null,
                  "auth_button_facebook": null,
                  "auth_button_google": null,
                  "auth_button_microsoft": null,
                  "auth_button_passphrase": null,
                  "auth_button_sms": null,
                  "auth_button_sponsor": null,
                  "auth_label": null,
                  "back_link": null,
                  "company_error": null,
                  "company_label": null,
                  "email_access_domain_error": null,
                  "email_cancel": null,
                  "email_code_cancel": null,
                  "email_code_error": null,
                  "email_code_field_label": null,
                  "email_code_message": null,
                  "email_code_submit": null,
                  "email_code_title": null,
                  "email_error": null,
                  "email_field_label": null,
                  "email_label": null,
                  "email_message": null,
                  "email_submit": null,
                  "email_title": null,
                  "field1error": null,
                  "field1label": null,
                  "field2error": null,
                  "field2label": null,
                  "field3error": null,
                  "field3label": null,
                  "field4error": null,
                  "field4label": null,
                  "message": null,
                  "name_error": null,
                  "name_label": null,
                  "optout_label": null,
                  "page_title": null,
                  "passphrase_cancel": null,
                  "passphrase_error": null,
                  "passphrase_label": null,
                  "passphrase_message": null,
                  "passphrase_submit": null,
                  "passphrase_title": null,
                  "privacy_policy_accept_label": null,
                  "privacy_policy_error": null,
                  "privacy_policy_link": null,
                  "privacy_policy_text": null,
                  "required_field_label": null,
                  "sign_in_label": null,
                  "sms_carrier_default": null,
                  "sms_carrier_error": null,
                  "sms_carrier_field_label": null,
                  "sms_code_cancel": null,
                  "sms_code_error": null,
                  "sms_code_field_label": null,
                  "sms_code_message": null,
                  "sms_code_submit": null,
                  "sms_code_title": null,
                  "sms_country_field_label": null,
                  "sms_country_format": null,
                  "sms_have_access_code": "a",
                  "sms_message_format": null,
                  "sms_number_cancel": null,
                  "sms_number_error": null,
                  "sms_number_field_label": null,
                  "sms_number_format": null,
                  "sms_number_message": null,
                  "sms_number_submit": null,
                  "sms_number_title": null,
                  "sms_username_format": null,
                  "sponsor_back_link": null,
                  "sponsor_cancel": null,
                  "sponsor_email": null,
                  "sponsor_email_error": null,
                  "sponsor_info_approved": null,
                  "sponsor_info_denied": null,
                  "sponsor_info_pending": null,
                  "sponsor_name": null,
                  "sponsor_name_error": null,
                  "sponsor_note_pending": null,
                  "sponsor_request_access": null,
                  "sponsor_status_approved": null,
                  "sponsor_status_denied": null,
                  "sponsor_status_pending": null,
                  "sponsor_submit": null,
                  "sponsors_error": null,
                  "sponsors_field_label": null,
                  "tos_accept_label": null,
                  "tos_error": null,
                  "tos_link": null,
                  "tos_text": null,
                  "uth_button_amazon": null
                },
                "ro-RO": {
                  "auth_button_amazon": null,
                  "auth_button_azure": null,
                  "auth_button_email": null,
                  "auth_button_facebook": null,
                  "auth_button_google": null,
                  "auth_button_microsoft": null,
                  "auth_button_passphrase": null,
                  "auth_button_sms": null,
                  "auth_button_sponsor": null,
                  "auth_label": null,
                  "back_link": null,
                  "company_error": null,
                  "company_label": null,
                  "email_access_domain_error": null,
                  "email_cancel": null,
                  "email_code_cancel": null,
                  "email_code_error": null,
                  "email_code_field_label": null,
                  "email_code_message": null,
                  "email_code_submit": null,
                  "email_code_title": null,
                  "email_error": null,
                  "email_field_label": null,
                  "email_label": null,
                  "email_message": null,
                  "email_submit": null,
                  "email_title": null,
                  "field1error": null,
                  "field1label": null,
                  "field2error": null,
                  "field2label": null,
                  "field3error": null,
                  "field3label": null,
                  "field4error": null,
                  "field4label": null,
                  "message": null,
                  "name_error": null,
                  "name_label": null,
                  "optout_label": null,
                  "page_title": null,
                  "passphrase_cancel": null,
                  "passphrase_error": null,
                  "passphrase_label": null,
                  "passphrase_message": null,
                  "passphrase_submit": null,
                  "passphrase_title": null,
                  "privacy_policy_accept_label": null,
                  "privacy_policy_error": null,
                  "privacy_policy_link": null,
                  "privacy_policy_text": null,
                  "required_field_label": null,
                  "sign_in_label": null,
                  "sms_carrier_default": null,
                  "sms_carrier_error": null,
                  "sms_carrier_field_label": null,
                  "sms_code_cancel": null,
                  "sms_code_error": null,
                  "sms_code_field_label": null,
                  "sms_code_message": null,
                  "sms_code_submit": null,
                  "sms_code_title": null,
                  "sms_country_field_label": null,
                  "sms_country_format": null,
                  "sms_have_access_code": "a",
                  "sms_message_format": null,
                  "sms_number_cancel": null,
                  "sms_number_error": null,
                  "sms_number_field_label": null,
                  "sms_number_format": null,
                  "sms_number_message": null,
                  "sms_number_submit": null,
                  "sms_number_title": null,
                  "sms_username_format": null,
                  "sponsor_back_link": null,
                  "sponsor_cancel": null,
                  "sponsor_email": null,
                  "sponsor_email_error": null,
                  "sponsor_info_approved": null,
                  "sponsor_info_denied": null,
                  "sponsor_info_pending": null,
                  "sponsor_name": null,
                  "sponsor_name_error": null,
                  "sponsor_note_pending": null,
                  "sponsor_request_access": null,
                  "sponsor_status_approved": null,
                  "sponsor_status_denied": null,
                  "sponsor_status_pending": null,
                  "sponsor_submit": null,
                  "sponsors_error": null,
                  "sponsors_field_label": null,
                  "tos_accept_label": null,
                  "tos_error": null,
                  "tos_link": null,
                  "tos_text": null,
                  "uth_button_amazon": null
                },
                "ru-RU": {
                  "auth_button_amazon": null,
                  "auth_button_azure": null,
                  "auth_button_email": null,
                  "auth_button_facebook": null,
                  "auth_button_google": null,
                  "auth_button_microsoft": null,
                  "auth_button_passphrase": null,
                  "auth_button_sms": null,
                  "auth_button_sponsor": null,
                  "auth_label": null,
                  "back_link": null,
                  "company_error": null,
                  "company_label": null,
                  "email_access_domain_error": null,
                  "email_cancel": null,
                  "email_code_cancel": null,
                  "email_code_error": null,
                  "email_code_field_label": null,
                  "email_code_message": null,
                  "email_code_submit": null,
                  "email_code_title": null,
                  "email_error": null,
                  "email_field_label": null,
                  "email_label": null,
                  "email_message": null,
                  "email_submit": null,
                  "email_title": null,
                  "field1error": null,
                  "field1label": null,
                  "field2error": null,
                  "field2label": null,
                  "field3error": null,
                  "field3label": null,
                  "field4error": null,
                  "field4label": null,
                  "message": null,
                  "name_error": null,
                  "name_label": null,
                  "optout_label": null,
                  "page_title": null,
                  "passphrase_cancel": null,
                  "passphrase_error": null,
                  "passphrase_label": null,
                  "passphrase_message": null,
                  "passphrase_submit": null,
                  "passphrase_title": null,
                  "privacy_policy_accept_label": null,
                  "privacy_policy_error": null,
                  "privacy_policy_link": null,
                  "privacy_policy_text": null,
                  "required_field_label": null,
                  "sign_in_label": null,
                  "sms_carrier_default": null,
                  "sms_carrier_error": null,
                  "sms_carrier_field_label": null,
                  "sms_code_cancel": null,
                  "sms_code_error": null,
                  "sms_code_field_label": null,
                  "sms_code_message": null,
                  "sms_code_submit": null,
                  "sms_code_title": null,
                  "sms_country_field_label": null,
                  "sms_country_format": null,
                  "sms_have_access_code": "a",
                  "sms_message_format": null,
                  "sms_number_cancel": null,
                  "sms_number_error": null,
                  "sms_number_field_label": null,
                  "sms_number_format": null,
                  "sms_number_message": null,
                  "sms_number_submit": null,
                  "sms_number_title": null,
                  "sms_username_format": null,
                  "sponsor_back_link": null,
                  "sponsor_cancel": null,
                  "sponsor_email": null,
                  "sponsor_email_error": null,
                  "sponsor_info_approved": null,
                  "sponsor_info_denied": null,
                  "sponsor_info_pending": null,
                  "sponsor_name": null,
                  "sponsor_name_error": null,
                  "sponsor_note_pending": null,
                  "sponsor_request_access": null,
                  "sponsor_status_approved": null,
                  "sponsor_status_denied": null,
                  "sponsor_status_pending": null,
                  "sponsor_submit": null,
                  "sponsors_error": null,
                  "sponsors_field_label": null,
                  "tos_accept_label": null,
                  "tos_error": null,
                  "tos_link": null,
                  "tos_text": null,
                  "uth_button_amazon": null
                },
                "sk-SK": {
                  "auth_button_amazon": null,
                  "auth_button_azure": null,
                  "auth_button_email": null,
                  "auth_button_facebook": null,
                  "auth_button_google": null,
                  "auth_button_microsoft": null,
                  "auth_button_passphrase": null,
                  "auth_button_sms": null,
                  "auth_button_sponsor": null,
                  "auth_label": null,
                  "back_link": null,
                  "company_error": null,
                  "company_label": null,
                  "email_access_domain_error": null,
                  "email_cancel": null,
                  "email_code_cancel": null,
                  "email_code_error": null,
                  "email_code_field_label": null,
                  "email_code_message": null,
                  "email_code_submit": null,
                  "email_code_title": null,
                  "email_error": null,
                  "email_field_label": null,
                  "email_label": null,
                  "email_message": null,
                  "email_submit": null,
                  "email_title": null,
                  "field1error": null,
                  "field1label": null,
                  "field2error": null,
                  "field2label": null,
                  "field3error": null,
                  "field3label": null,
                  "field4error": null,
                  "field4label": null,
                  "message": null,
                  "name_error": null,
                  "name_label": null,
                  "optout_label": null,
                  "page_title": null,
                  "passphrase_cancel": null,
                  "passphrase_error": null,
                  "passphrase_label": null,
                  "passphrase_message": null,
                  "passphrase_submit": null,
                  "passphrase_title": null,
                  "privacy_policy_accept_label": null,
                  "privacy_policy_error": null,
                  "privacy_policy_link": null,
                  "privacy_policy_text": null,
                  "required_field_label": null,
                  "sign_in_label": null,
                  "sms_carrier_default": null,
                  "sms_carrier_error": null,
                  "sms_carrier_field_label": null,
                  "sms_code_cancel": null,
                  "sms_code_error": null,
                  "sms_code_field_label": null,
                  "sms_code_message": null,
                  "sms_code_submit": null,
                  "sms_code_title": null,
                  "sms_country_field_label": null,
                  "sms_country_format": null,
                  "sms_have_access_code": "a",
                  "sms_message_format": null,
                  "sms_number_cancel": null,
                  "sms_number_error": null,
                  "sms_number_field_label": null,
                  "sms_number_format": null,
                  "sms_number_message": null,
                  "sms_number_submit": null,
                  "sms_number_title": null,
                  "sms_username_format": null,
                  "sponsor_back_link": null,
                  "sponsor_cancel": null,
                  "sponsor_email": null,
                  "sponsor_email_error": null,
                  "sponsor_info_approved": null,
                  "sponsor_info_denied": null,
                  "sponsor_info_pending": null,
                  "sponsor_name": null,
                  "sponsor_name_error": null,
                  "sponsor_note_pending": null,
                  "sponsor_request_access": null,
                  "sponsor_status_approved": null,
                  "sponsor_status_denied": null,
                  "sponsor_status_pending": null,
                  "sponsor_submit": null,
                  "sponsors_error": null,
                  "sponsors_field_label": null,
                  "tos_accept_label": null,
                  "tos_error": null,
                  "tos_link": null,
                  "tos_text": null,
                  "uth_button_amazon": null
                },
                "sv-SE": {
                  "auth_button_amazon": null,
                  "auth_button_azure": null,
                  "auth_button_email": null,
                  "auth_button_facebook": null,
                  "auth_button_google": null,
                  "auth_button_microsoft": null,
                  "auth_button_passphrase": null,
                  "auth_button_sms": null,
                  "auth_button_sponsor": null,
                  "auth_label": null,
                  "back_link": null,
                  "company_error": null,
                  "company_label": null,
                  "email_access_domain_error": null,
                  "email_cancel": null,
                  "email_code_cancel": null,
                  "email_code_error": null,
                  "email_code_field_label": null,
                  "email_code_message": null,
                  "email_code_submit": null,
                  "email_code_title": null,
                  "email_error": null,
                  "email_field_label": null,
                  "email_label": null,
                  "email_message": null,
                  "email_submit": null,
                  "email_title": null,
                  "field1error": null,
                  "field1label": null,
                  "field2error": null,
                  "field2label": null,
                  "field3error": null,
                  "field3label": null,
                  "field4error": null,
                  "field4label": null,
                  "message": null,
                  "name_error": null,
                  "name_label": null,
                  "optout_label": null,
                  "page_title": null,
                  "passphrase_cancel": null,
                  "passphrase_error": null,
                  "passphrase_label": null,
                  "passphrase_message": null,
                  "passphrase_submit": null,
                  "passphrase_title": null,
                  "privacy_policy_accept_label": null,
                  "privacy_policy_error": null,
                  "privacy_policy_link": null,
                  "privacy_policy_text": null,
                  "required_field_label": null,
                  "sign_in_label": null,
                  "sms_carrier_default": null,
                  "sms_carrier_error": null,
                  "sms_carrier_field_label": null,
                  "sms_code_cancel": null,
                  "sms_code_error": null,
                  "sms_code_field_label": null,
                  "sms_code_message": null,
                  "sms_code_submit": null,
                  "sms_code_title": null,
                  "sms_country_field_label": null,
                  "sms_country_format": null,
                  "sms_have_access_code": "a",
                  "sms_message_format": null,
                  "sms_number_cancel": null,
                  "sms_number_error": null,
                  "sms_number_field_label": null,
                  "sms_number_format": null,
                  "sms_number_message": null,
                  "sms_number_submit": null,
                  "sms_number_title": null,
                  "sms_username_format": null,
                  "sponsor_back_link": null,
                  "sponsor_cancel": null,
                  "sponsor_email": null,
                  "sponsor_email_error": null,
                  "sponsor_info_approved": null,
                  "sponsor_info_denied": null,
                  "sponsor_info_pending": null,
                  "sponsor_name": null,
                  "sponsor_name_error": null,
                  "sponsor_note_pending": null,
                  "sponsor_request_access": null,
                  "sponsor_status_approved": null,
                  "sponsor_status_denied": null,
                  "sponsor_status_pending": null,
                  "sponsor_submit": null,
                  "sponsors_error": null,
                  "sponsors_field_label": null,
                  "tos_accept_label": null,
                  "tos_error": null,
                  "tos_link": null,
                  "tos_text": null,
                  "uth_button_amazon": null
                },
                "th-TH": {
                  "auth_button_amazon": null,
                  "auth_button_azure": null,
                  "auth_button_email": null,
                  "auth_button_facebook": null,
                  "auth_button_google": null,
                  "auth_button_microsoft": null,
                  "auth_button_passphrase": null,
                  "auth_button_sms": null,
                  "auth_button_sponsor": null,
                  "auth_label": null,
                  "back_link": null,
                  "company_error": null,
                  "company_label": null,
                  "email_access_domain_error": null,
                  "email_cancel": null,
                  "email_code_cancel": null,
                  "email_code_error": null,
                  "email_code_field_label": null,
                  "email_code_message": null,
                  "email_code_submit": null,
                  "email_code_title": null,
                  "email_error": null,
                  "email_field_label": null,
                  "email_label": null,
                  "email_message": null,
                  "email_submit": null,
                  "email_title": null,
                  "field1error": null,
                  "field1label": null,
                  "field2error": null,
                  "field2label": null,
                  "field3error": null,
                  "field3label": null,
                  "field4error": null,
                  "field4label": null,
                  "message": null,
                  "name_error": null,
                  "name_label": null,
                  "optout_label": null,
                  "page_title": null,
                  "passphrase_cancel": null,
                  "passphrase_error": null,
                  "passphrase_label": null,
                  "passphrase_message": null,
                  "passphrase_submit": null,
                  "passphrase_title": null,
                  "privacy_policy_accept_label": null,
                  "privacy_policy_error": null,
                  "privacy_policy_link": null,
                  "privacy_policy_text": null,
                  "required_field_label": null,
                  "sign_in_label": null,
                  "sms_carrier_default": null,
                  "sms_carrier_error": null,
                  "sms_carrier_field_label": null,
                  "sms_code_cancel": null,
                  "sms_code_error": null,
                  "sms_code_field_label": null,
                  "sms_code_message": null,
                  "sms_code_submit": null,
                  "sms_code_title": null,
                  "sms_country_field_label": null,
                  "sms_country_format": null,
                  "sms_have_access_code": "a",
                  "sms_message_format": null,
                  "sms_number_cancel": null,
                  "sms_number_error": null,
                  "sms_number_field_label": null,
                  "sms_number_format": null,
                  "sms_number_message": null,
                  "sms_number_submit": null,
                  "sms_number_title": null,
                  "sms_username_format": null,
                  "sponsor_back_link": null,
                  "sponsor_cancel": null,
                  "sponsor_email": null,
                  "sponsor_email_error": null,
                  "sponsor_info_approved": null,
                  "sponsor_info_denied": null,
                  "sponsor_info_pending": null,
                  "sponsor_name": null,
                  "sponsor_name_error": null,
                  "sponsor_note_pending": null,
                  "sponsor_request_access": null,
                  "sponsor_status_approved": null,
                  "sponsor_status_denied": null,
                  "sponsor_status_pending": null,
                  "sponsor_submit": null,
                  "sponsors_error": null,
                  "sponsors_field_label": null,
                  "tos_accept_label": null,
                  "tos_error": null,
                  "tos_link": null,
                  "tos_text": null,
                  "uth_button_amazon": null
                },
                "tr-TR": {
                  "auth_button_amazon": null,
                  "auth_button_azure": null,
                  "auth_button_email": null,
                  "auth_button_facebook": null,
                  "auth_button_google": null,
                  "auth_button_microsoft": null,
                  "auth_button_passphrase": null,
                  "auth_button_sms": null,
                  "auth_button_sponsor": null,
                  "auth_label": null,
                  "back_link": null,
                  "company_error": null,
                  "company_label": null,
                  "email_access_domain_error": null,
                  "email_cancel": null,
                  "email_code_cancel": null,
                  "email_code_error": null,
                  "email_code_field_label": null,
                  "email_code_message": null,
                  "email_code_submit": null,
                  "email_code_title": null,
                  "email_error": null,
                  "email_field_label": null,
                  "email_label": null,
                  "email_message": null,
                  "email_submit": null,
                  "email_title": null,
                  "field1error": null,
                  "field1label": null,
                  "field2error": null,
                  "field2label": null,
                  "field3error": null,
                  "field3label": null,
                  "field4error": null,
                  "field4label": null,
                  "message": null,
                  "name_error": null,
                  "name_label": null,
                  "optout_label": null,
                  "page_title": null,
                  "passphrase_cancel": null,
                  "passphrase_error": null,
                  "passphrase_label": null,
                  "passphrase_message": null,
                  "passphrase_submit": null,
                  "passphrase_title": null,
                  "privacy_policy_accept_label": null,
                  "privacy_policy_error": null,
                  "privacy_policy_link": null,
                  "privacy_policy_text": null,
                  "required_field_label": null,
                  "sign_in_label": null,
                  "sms_carrier_default": null,
                  "sms_carrier_error": null,
                  "sms_carrier_field_label": null,
                  "sms_code_cancel": null,
                  "sms_code_error": null,
                  "sms_code_field_label": null,
                  "sms_code_message": null,
                  "sms_code_submit": null,
                  "sms_code_title": null,
                  "sms_country_field_label": null,
                  "sms_country_format": null,
                  "sms_have_access_code": "a",
                  "sms_message_format": null,
                  "sms_number_cancel": null,
                  "sms_number_error": null,
                  "sms_number_field_label": null,
                  "sms_number_format": null,
                  "sms_number_message": null,
                  "sms_number_submit": null,
                  "sms_number_title": null,
                  "sms_username_format": null,
                  "sponsor_back_link": null,
                  "sponsor_cancel": null,
                  "sponsor_email": null,
                  "sponsor_email_error": null,
                  "sponsor_info_approved": null,
                  "sponsor_info_denied": null,
                  "sponsor_info_pending": null,
                  "sponsor_name": null,
                  "sponsor_name_error": null,
                  "sponsor_note_pending": null,
                  "sponsor_request_access": null,
                  "sponsor_status_approved": null,
                  "sponsor_status_denied": null,
                  "sponsor_status_pending": null,
                  "sponsor_submit": null,
                  "sponsors_error": null,
                  "sponsors_field_label": null,
                  "tos_accept_label": null,
                  "tos_error": null,
                  "tos_link": null,
                  "tos_text": null,
                  "uth_button_amazon": null
                },
                "uk-UA": {
                  "auth_button_amazon": null,
                  "auth_button_azure": null,
                  "auth_button_email": null,
                  "auth_button_facebook": null,
                  "auth_button_google": null,
                  "auth_button_microsoft": null,
                  "auth_button_passphrase": null,
                  "auth_button_sms": null,
                  "auth_button_sponsor": null,
                  "auth_label": null,
                  "back_link": null,
                  "company_error": null,
                  "company_label": null,
                  "email_access_domain_error": null,
                  "email_cancel": null,
                  "email_code_cancel": null,
                  "email_code_error": null,
                  "email_code_field_label": null,
                  "email_code_message": null,
                  "email_code_submit": null,
                  "email_code_title": null,
                  "email_error": null,
                  "email_field_label": null,
                  "email_label": null,
                  "email_message": null,
                  "email_submit": null,
                  "email_title": null,
                  "field1error": null,
                  "field1label": null,
                  "field2error": null,
                  "field2label": null,
                  "field3error": null,
                  "field3label": null,
                  "field4error": null,
                  "field4label": null,
                  "message": null,
                  "name_error": null,
                  "name_label": null,
                  "optout_label": null,
                  "page_title": null,
                  "passphrase_cancel": null,
                  "passphrase_error": null,
                  "passphrase_label": null,
                  "passphrase_message": null,
                  "passphrase_submit": null,
                  "passphrase_title": null,
                  "privacy_policy_accept_label": null,
                  "privacy_policy_error": null,
                  "privacy_policy_link": null,
                  "privacy_policy_text": null,
                  "required_field_label": null,
                  "sign_in_label": null,
                  "sms_carrier_default": null,
                  "sms_carrier_error": null,
                  "sms_carrier_field_label": null,
                  "sms_code_cancel": null,
                  "sms_code_error": null,
                  "sms_code_field_label": null,
                  "sms_code_message": null,
                  "sms_code_submit": null,
                  "sms_code_title": null,
                  "sms_country_field_label": null,
                  "sms_country_format": null,
                  "sms_have_access_code": "a",
                  "sms_message_format": null,
                  "sms_number_cancel": null,
                  "sms_number_error": null,
                  "sms_number_field_label": null,
                  "sms_number_format": null,
                  "sms_number_message": null,
                  "sms_number_submit": null,
                  "sms_number_title": null,
                  "sms_username_format": null,
                  "sponsor_back_link": null,
                  "sponsor_cancel": null,
                  "sponsor_email": null,
                  "sponsor_email_error": null,
                  "sponsor_info_approved": null,
                  "sponsor_info_denied": null,
                  "sponsor_info_pending": null,
                  "sponsor_name": null,
                  "sponsor_name_error": null,
                  "sponsor_note_pending": null,
                  "sponsor_request_access": null,
                  "sponsor_status_approved": null,
                  "sponsor_status_denied": null,
                  "sponsor_status_pending": null,
                  "sponsor_submit": null,
                  "sponsors_error": null,
                  "sponsors_field_label": null,
                  "tos_accept_label": null,
                  "tos_error": null,
                  "tos_link": null,
                  "tos_text": null,
                  "uth_button_amazon": null
                },
                "vi-VN": {
                  "auth_button_amazon": null,
                  "auth_button_azure": null,
                  "auth_button_email": null,
                  "auth_button_facebook": null,
                  "auth_button_google": null,
                  "auth_button_microsoft": null,
                  "auth_button_passphrase": null,
                  "auth_button_sms": null,
                  "auth_button_sponsor": null,
                  "auth_label": null,
                  "back_link": null,
                  "company_error": null,
                  "company_label": null,
                  "email_access_domain_error": null,
                  "email_cancel": null,
                  "email_code_cancel": null,
                  "email_code_error": null,
                  "email_code_field_label": null,
                  "email_code_message": null,
                  "email_code_submit": null,
                  "email_code_title": null,
                  "email_error": null,
                  "email_field_label": null,
                  "email_label": null,
                  "email_message": null,
                  "email_submit": null,
                  "email_title": null,
                  "field1error": null,
                  "field1label": null,
                  "field2error": null,
                  "field2label": null,
                  "field3error": null,
                  "field3label": null,
                  "field4error": null,
                  "field4label": null,
                  "message": null,
                  "name_error": null,
                  "name_label": null,
                  "optout_label": null,
                  "page_title": null,
                  "passphrase_cancel": null,
                  "passphrase_error": null,
                  "passphrase_label": null,
                  "passphrase_message": null,
                  "passphrase_submit": null,
                  "passphrase_title": null,
                  "privacy_policy_accept_label": null,
                  "privacy_policy_error": null,
                  "privacy_policy_link": null,
                  "privacy_policy_text": null,
                  "required_field_label": null,
                  "sign_in_label": null,
                  "sms_carrier_default": null,
                  "sms_carrier_error": null,
                  "sms_carrier_field_label": null,
                  "sms_code_cancel": null,
                  "sms_code_error": null,
                  "sms_code_field_label": null,
                  "sms_code_message": null,
                  "sms_code_submit": null,
                  "sms_code_title": null,
                  "sms_country_field_label": null,
                  "sms_country_format": null,
                  "sms_have_access_code": "a",
                  "sms_message_format": null,
                  "sms_number_cancel": null,
                  "sms_number_error": null,
                  "sms_number_field_label": null,
                  "sms_number_format": null,
                  "sms_number_message": null,
                  "sms_number_submit": null,
                  "sms_number_title": null,
                  "sms_username_format": null,
                  "sponsor_back_link": null,
                  "sponsor_cancel": null,
                  "sponsor_email": null,
                  "sponsor_email_error": null,
                  "sponsor_info_approved": null,
                  "sponsor_info_denied": null,
                  "sponsor_info_pending": null,
                  "sponsor_name": null,
                  "sponsor_name_error": null,
                  "sponsor_note_pending": null,
                  "sponsor_request_access": null,
                  "sponsor_status_approved": null,
                  "sponsor_status_denied": null,
                  "sponsor_status_pending": null,
                  "sponsor_submit": null,
                  "sponsors_error": null,
                  "sponsors_field_label": null,
                  "tos_accept_label": null,
                  "tos_error": null,
                  "tos_link": null,
                  "tos_text": null,
                  "uth_button_amazon": null
                },
                "zh-Hans": {
                  "auth_button_amazon": null,
                  "auth_button_azure": null,
                  "auth_button_email": null,
                  "auth_button_facebook": null,
                  "auth_button_google": null,
                  "auth_button_microsoft": null,
                  "auth_button_passphrase": null,
                  "auth_button_sms": null,
                  "auth_button_sponsor": null,
                  "auth_label": null,
                  "back_link": null,
                  "company_error": null,
                  "company_label": null,
                  "email_access_domain_error": null,
                  "email_cancel": null,
                  "email_code_cancel": null,
                  "email_code_error": null,
                  "email_code_field_label": null,
                  "email_code_message": null,
                  "email_code_submit": null,
                  "email_code_title": null,
                  "email_error": null,
                  "email_field_label": null,
                  "email_label": null,
                  "email_message": null,
                  "email_submit": null,
                  "email_title": null,
                  "field1error": null,
                  "field1label": null,
                  "field2error": null,
                  "field2label": null,
                  "field3error": null,
                  "field3label": null,
                  "field4error": null,
                  "field4label": null,
                  "message": null,
                  "name_error": null,
                  "name_label": null,
                  "optout_label": null,
                  "page_title": null,
                  "passphrase_cancel": null,
                  "passphrase_error": null,
                  "passphrase_label": null,
                  "passphrase_message": null,
                  "passphrase_submit": null,
                  "passphrase_title": null,
                  "privacy_policy_accept_label": null,
                  "privacy_policy_error": null,
                  "privacy_policy_link": null,
                  "privacy_policy_text": null,
                  "required_field_label": null,
                  "sign_in_label": null,
                  "sms_carrier_default": null,
                  "sms_carrier_error": null,
                  "sms_carrier_field_label": null,
                  "sms_code_cancel": null,
                  "sms_code_error": null,
                  "sms_code_field_label": null,
                  "sms_code_message": null,
                  "sms_code_submit": null,
                  "sms_code_title": null,
                  "sms_country_field_label": null,
                  "sms_country_format": null,
                  "sms_have_access_code": "a",
                  "sms_message_format": null,
                  "sms_number_cancel": null,
                  "sms_number_error": null,
                  "sms_number_field_label": null,
                  "sms_number_format": null,
                  "sms_number_message": null,
                  "sms_number_submit": null,
                  "sms_number_title": null,
                  "sms_username_format": null,
                  "sponsor_back_link": null,
                  "sponsor_cancel": null,
                  "sponsor_email": null,
                  "sponsor_email_error": null,
                  "sponsor_info_approved": null,
                  "sponsor_info_denied": null,
                  "sponsor_info_pending": null,
                  "sponsor_name": null,
                  "sponsor_name_error": null,
                  "sponsor_note_pending": null,
                  "sponsor_request_access": null,
                  "sponsor_status_approved": null,
                  "sponsor_status_denied": null,
                  "sponsor_status_pending": null,
                  "sponsor_submit": null,
                  "sponsors_error": null,
                  "sponsors_field_label": null,
                  "tos_accept_label": null,
                  "tos_error": null,
                  "tos_link": null,
                  "tos_text": null,
                  "uth_button_amazon": null
                },
                "zh-Hant": {
                  "auth_button_amazon": null,
                  "auth_button_azure": null,
                  "auth_button_email": null,
                  "auth_button_facebook": null,
                  "auth_button_google": null,
                  "auth_button_microsoft": null,
                  "auth_button_passphrase": null,
                  "auth_button_sms": null,
                  "auth_button_sponsor": null,
                  "auth_label": null,
                  "back_link": null,
                  "company_error": null,
                  "company_label": null,
                  "email_access_domain_error": null,
                  "email_cancel": null,
                  "email_code_cancel": null,
                  "email_code_error": null,
                  "email_code_field_label": null,
                  "email_code_message": null,
                  "email_code_submit": null,
                  "email_code_title": null,
                  "email_error": null,
                  "email_field_label": null,
                  "email_label": null,
                  "email_message": null,
                  "email_submit": null,
                  "email_title": null,
                  "field1error": null,
                  "field1label": null,
                  "field2error": null,
                  "field2label": null,
                  "field3error": null,
                  "field3label": null,
                  "field4error": null,
                  "field4label": null,
                  "message": null,
                  "name_error": null,
                  "name_label": null,
                  "optout_label": null,
                  "page_title": null,
                  "passphrase_cancel": null,
                  "passphrase_error": null,
                  "passphrase_label": null,
                  "passphrase_message": null,
                  "passphrase_submit": null,
                  "passphrase_title": null,
                  "privacy_policy_accept_label": null,
                  "privacy_policy_error": null,
                  "privacy_policy_link": null,
                  "privacy_policy_text": null,
                  "required_field_label": null,
                  "sign_in_label": null,
                  "sms_carrier_default": null,
                  "sms_carrier_error": null,
                  "sms_carrier_field_label": null,
                  "sms_code_cancel": null,
                  "sms_code_error": null,
                  "sms_code_field_label": null,
                  "sms_code_message": null,
                  "sms_code_submit": null,
                  "sms_code_title": null,
                  "sms_country_field_label": null,
                  "sms_country_format": null,
                  "sms_have_access_code": "a",
                  "sms_message_format": null,
                  "sms_number_cancel": null,
                  "sms_number_error": null,
                  "sms_number_field_label": null,
                  "sms_number_format": null,
                  "sms_number_message": null,
                  "sms_number_submit": null,
                  "sms_number_title": null,
                  "sms_username_format": null,
                  "sponsor_back_link": null,
                  "sponsor_cancel": null,
                  "sponsor_email": null,
                  "sponsor_email_error": null,
                  "sponsor_info_approved": null,
                  "sponsor_info_denied": null,
                  "sponsor_info_pending": null,
                  "sponsor_name": null,
                  "sponsor_name_error": null,
                  "sponsor_note_pending": null,
                  "sponsor_request_access": null,
                  "sponsor_status_approved": null,
                  "sponsor_status_denied": null,
                  "sponsor_status_pending": null,
                  "sponsor_submit": null,
                  "sponsors_error": null,
                  "sponsors_field_label": null,
                  "tos_accept_label": null,
                  "tos_error": null,
                  "tos_link": null,
                  "tos_text": null,
                  "uth_button_amazon": null
                }
              },
              "message": "Sign in to get online",
              "multi_auth": false,
              "name": true,
              "name_error": "Please provide your name",
              "name_label": "Name",
              "opt_out_default": true,
              "optout": true,
              "optout_label": "Do not store",
              "page_title": "Welcome",
              "passphrase_cancel": "Cancel",
              "passphrase_error": "Invalid Passphrase",
              "passphrase_label": "Passphrase",
              "passphrase_message": "Enter the secret passphrase to access the WiFi network.",
              "passphrase_submit": "Sign in",
              "passphrase_title": "Sign in with Passphrase",
              "powered_by": true,
              "privacy": false,
              "privacy_policy_accept_label": "I accept the Privacy Terms",
              "privacy_policy_error": "Please review and accept the Privacy Terms",
              "privacy_policy_link": "Privacy Terms",
              "privacy_policy_text": "\u003c\u003c provide your Privacy Terms here \u003e\u003e",
              "required_field_label": "required",
              "responsive_layout": true,
              "sign_in_label": "Sign In",
              "sms_carrier_default": "Please Select",
              "sms_carrier_error": "Please select a mobile carrier",
              "sms_carrier_field_label": "Mobile Carrier",
              "sms_code_cancel": "I did not receive the code",
              "sms_code_error": "Invalid Access Code",
              "sms_code_field_label": "Confirmation Code",
              "sms_code_message": "Enter the access number that was sent to your mobile number.",
              "sms_code_submit": "Sign In",
              "sms_code_title": "Access Code",
              "sms_country_field_label": "Country Code",
              "sms_country_format": "1",
              "sms_have_access_code": "I have an access code",
              "sms_is_twilio": false,
              "sms_message_format": "Code {{code}} expires in {{duration}} minutes.",
              "sms_number_cancel": "Cancel",
              "sms_number_error": "Invalid Mobile Number",
              "sms_number_field_label": "Mobile Number",
              "sms_number_format": "2125551212 (digits only)",
              "sms_number_message": "We will send an access code to your mobile number which you can use to connect to the WiFi network. Message and data rates may apply.",
              "sms_number_submit": "Send Access Code",
              "sms_number_title": "Sign in with Text Message",
              "sms_username_format": "username",
              "sms_validity_duration": 10,
              "sponsor_back_link": "Go back and edit request form",
              "sponsor_cancel": "Cancel",
              "sponsor_email": "Sponsor Email",
              "sponsor_email_error": "Please provide valid sponsor email",
              "sponsor_email_template": "",
              "sponsor_info_approved": "Your request was approved by",
              "sponsor_info_denied": "Your request was denied by",
              "sponsor_info_pending": "Your notification has been sent to",
              "sponsor_name": "Sponsor Name",
              "sponsor_name_error": "Please provide sponsor name",
              "sponsor_note_pending": "Please wait for them to acknowledge.",
              "sponsor_request_access": "Request WiFi Access",
              "sponsor_status_approved": "Your request was approved",
              "sponsor_status_denied": "Your request was denied",
              "sponsor_status_pending": "Notification Sent",
              "sponsor_submit": "Request WiFi Access",
              "sponsors_error": "Please select a sponsor",
              "sponsors_field_label": "Sponsors",
              "tos": true,
              "tos_accept_label": "I accept the Terms of Service",
              "tos_error": "Please review and accept the Terms of Service",
              "tos_link": "Terms of Service",
              "tos_text": "\u003c\u003c provide your Terms of Service here \u003e\u003e"
            },
            "wlan_id": "f49406bb-8a8a-47d7-8ac5-29fe4701bfef"
          },
          "sensitive_attributes": [],
          "dependencies": [
            "mist_org.terraform_test",
            "mist_org_wlan.test_open",
            "mist_org_wlantemplate.wlantemplate_one"
          ]
        }
      ]
    },
    {
      "mode": "managed",
      "type": "mist_org_wlan_portal_template",
      "name": "wlan_one",
      "provider": "provider[\"registry.terraform.io/juniper/mist\"]",
      "instances": [
        {
          "schema_version": 0,
          "attributes": {
            "org_id": "992bf4b9-c900-4850-9992-107b2f9df928",
            "portal_template": {
              "access_code_alternate_email": "Use alternate email address",
              "alignment": "center",
              "auth_button_amazon": "Sign in with Amazon",
              "auth_button_azure": "Sign in with Azure",
              "auth_button_email": "Sign in with Email",
              "auth_button_facebook": "Sign in with Facebook",
              "auth_button_google": "Sign in with Google",
              "auth_button_microsoft": "Sign in with Microsoft",
              "auth_button_passphrase": "Sign in with Passphrase",
              "auth_button_sms": "Sign in with Text Message",
              "auth_button_sponsor": "Sign in as Guest",
              "auth_label": "Connect to WiFi with",
              "back_link": null,
              "color": "#1074bc",
              "color_dark": "#0b5183",
              "color_light": "#3589c6",
              "company": false,
              "company_error": "Please provide your company name",
              "company_label": "Company",
              "email": false,
              "email_access_domain_error": "Email Access Domain Error",
              "email_cancel": "Cancel",
              "email_code_cancel": "I did not receive the code",
              "email_code_error": "Please provide valid alternate email",
              "email_code_field_label": "Access Code",
              "email_code_message": "Enter the access number that was sent to your email address.",
              "email_code_submit": "Sign In",
              "email_code_title": "Access Code",
              "email_error": "Please provide valid email",
              "email_field_label": "Enter your email address",
              "email_label": "Email",
              "email_message": "We will email you an authentication code which you can use to connect to the WiFi network.",
              "email_submit": "Send Access Code",
              "email_title": "Sign in with Email",
              "field1": false,
              "field1error": "Please provide Custom Field 1",
              "field1label": "Custom Field 1",
              "field1required": null,
              "field2": false,
              "field2error": "Please provide Custom Field 2",
              "field2label": "Custom Field 2",
              "field2required": null,
              "field3": false,
              "field3error": "Please provide Custom Field 3",
              "field3label": "Custom Field 3",
              "field3required": null,
              "field4": false,
              "field4error": "Please provide Custom Field 4",
              "field4label": "Custom Field 4",
              "field4required": null,
              "locales": {
                "fr-FR": {
                  "auth_button_amazon": null,
                  "auth_button_azure": null,
                  "auth_button_email": null,
                  "auth_button_facebook": null,
                  "auth_button_google": null,
                  "auth_button_microsoft": null,
                  "auth_button_passphrase": null,
                  "auth_button_sms": null,
                  "auth_button_sponsor": null,
                  "auth_label": null,
                  "back_link": null,
                  "company_error": null,
                  "company_label": null,
                  "email_access_domain_error": null,
                  "email_cancel": null,
                  "email_code_cancel": null,
                  "email_code_error": null,
                  "email_code_field_label": null,
                  "email_code_message": null,
                  "email_code_submit": null,
                  "email_code_title": null,
                  "email_error": null,
                  "email_field_label": null,
                  "email_label": null,
                  "email_message": null,
                  "email_submit": null,
                  "email_title": null,
                  "field1error": null,
                  "field1label": null,
                  "field2error": null,
                  "field2label": null,
                  "field3error": null,
                  "field3label": null,
                  "field4error": null,
                  "field4label": null,
                  "message": null,
                  "name_error": null,
                  "name_label": null,
                  "optout_label": null,
                  "page_title": "Bienvenue sur mon portail de démo",
                  "passphrase_cancel": null,
                  "passphrase_error": null,
                  "passphrase_label": null,
                  "passphrase_message": null,
                  "passphrase_submit": null,
                  "passphrase_title": null,
                  "privacy_policy_accept_label": null,
                  "privacy_policy_error": null,
                  "privacy_policy_link": null,
                  "privacy_policy_text": null,
                  "required_field_label": null,
                  "sign_in_label": null,
                  "sms_carrier_default": null,
                  "sms_carrier_error": null,
                  "sms_carrier_field_label": null,
                  "sms_code_cancel": null,
                  "sms_code_error": null,
                  "sms_code_field_label": null,
                  "sms_code_message": null,
                  "sms_code_submit": null,
                  "sms_code_title": null,
                  "sms_country_field_label": null,
                  "sms_country_format": null,
                  "sms_have_access_code": null,
                  "sms_message_format": null,
                  "sms_number_cancel": null,
                  "sms_number_error": null,
                  "sms_number_field_label": null,
                  "sms_number_format": null,
                  "sms_number_message": null,
                  "sms_number_submit": null,
                  "sms_number_title": null,
                  "sms_username_format": null,
                  "sponsor_back_link": null,
                  "sponsor_cancel": null,
                  "sponsor_email": null,
                  "sponsor_email_error": null,
                  "sponsor_info_approved": null,
                  "sponsor_info_denied": null,
                  "sponsor_info_pending": null,
                  "sponsor_name": null,
                  "sponsor_name_error": null,
                  "sponsor_note_pending": null,
                  "sponsor_request_access": null,
                  "sponsor_status_approved": null,
                  "sponsor_status_denied": null,
                  "sponsor_status_pending": null,
                  "sponsor_submit": null,
                  "sponsors_error": null,
                  "sponsors_field_label": null,
                  "tos_accept_label": null,
                  "tos_error": null,
                  "tos_link": null,
                  "tos_text": null,
                  "uth_button_amazon": null
                }
              },
              "message": "Sign in to get online",
              "multi_auth": false,
              "name": false,
              "name_error": "Please provide your name",
              "name_label": "Name",
              "opt_out_default": true,
              "optout": false,
              "optout_label": "Do not store",
              "page_title": "Welcome To My Demo Portal",
              "passphrase_cancel": "Cancel",
              "passphrase_error": "Invalid Passphrase",
              "passphrase_label": "Passphrase",
              "passphrase_message": "Enter the secret passphrase to access the WiFi network.",
              "passphrase_submit": "Sign in",
              "passphrase_title": "Sign in with Passphrase",
              "powered_by": true,
              "privacy": false,
              "privacy_policy_accept_label": "I accept the Privacy Terms",
              "privacy_policy_error": "Please review and accept the Privacy Terms",
              "privacy_policy_link": "Privacy Terms",
              "privacy_policy_text": "\u003c\u003c provide your Privacy Terms here \u003e\u003e",
              "required_field_label": "required",
              "responsive_layout": true,
              "sign_in_label": "Sign In",
              "sms_carrier_default": "Please Select",
              "sms_carrier_error": "Please select a mobile carrier",
              "sms_carrier_field_label": "Mobile Carrier",
              "sms_code_cancel": "I did not receive the code",
              "sms_code_error": "Invalid Access Code",
              "sms_code_field_label": "Confirmation Code",
              "sms_code_message": "Enter the access number that was sent to your mobile number.",
              "sms_code_submit": "Sign In",
              "sms_code_title": "Access Code",
              "sms_country_field_label": "Country Code",
              "sms_country_format": "1",
              "sms_have_access_code": "I have an access code",
              "sms_is_twilio": false,
              "sms_message_format": "Code {{code}} expires in {{duration}} minutes.",
              "sms_number_cancel": "Cancel",
              "sms_number_error": "Invalid Mobile Number",
              "sms_number_field_label": "Mobile Number",
              "sms_number_format": "2125551212 (digits only)",
              "sms_number_message": "We will send an access code to your mobile number which you can use to connect to the WiFi network. Message and data rates may apply.",
              "sms_number_submit": "Send Access Code",
              "sms_number_title": "Sign in with Text Message",
              "sms_username_format": "username",
              "sms_validity_duration": 10,
              "sponsor_back_link": "Go back and edit request form",
              "sponsor_cancel": "Cancel",
              "sponsor_email": "Sponsor Email",
              "sponsor_email_error": "Please provide valid sponsor email",
              "sponsor_email_template": "",
              "sponsor_info_approved": "Your request was approved by",
              "sponsor_info_denied": "Your request was denied by",
              "sponsor_info_pending": "Your notification has been sent to",
              "sponsor_name": "Sponsor Name",
              "sponsor_name_error": "Please provide sponsor name",
              "sponsor_note_pending": "Please wait for them to acknowledge.",
              "sponsor_request_access": "Request WiFi Access",
              "sponsor_status_approved": "Your request was approved",
              "sponsor_status_denied": "Your request was denied",
              "sponsor_status_pending": "Notification Sent",
              "sponsor_submit": "Request WiFi Access",
              "sponsors_error": "Please select a sponsor",
              "sponsors_field_label": "Sponsors",
              "tos": true,
              "tos_accept_label": "I accept the Terms of Service",
              "tos_error": "Please review and accept the Terms of Service",
              "tos_link": "Terms of Service",
              "tos_text": "\u003c\u003c provide your Terms of Service here \u003e\u003e"
            },
            "wlan_id": "4459da34-fd9f-4f9d-a590-616d46614df2"
          },
          "sensitive_attributes": [],
          "dependencies": [
            "mist_org.terraform_test",
            "mist_org_wlan.wlan_cwp",
            "mist_org_wlantemplate.wlantemplate_one"
          ]
        }
      ]
    },
    {
      "mode": "managed",
      "type": "mist_org_wlantemplate",
      "name": "test101",
      "provider": "provider[\"registry.terraform.io/juniper/mist\"]",
      "instances": [
        {
          "schema_version": 0,
          "attributes": {
            "applies": {
              "org_id": null,
              "site_ids": [
                "19e06ed0-9ee9-4ac7-9d5c-dd1ed551a95c"
              ],
              "sitegroup_ids": []
            },
            "deviceprofile_ids": [],
            "exceptions": {
              "site_ids": [],
              "sitegroup_ids": []
            },
            "filter_by_deviceprofile": false,
            "id": "7ce2224e-237e-49d0-8f5b-89e08f93b866",
            "name": "test101",
            "org_id": "992bf4b9-c900-4850-9992-107b2f9df928"
          },
          "sensitive_attributes": [],
          "dependencies": [
            "mist_org.terraform_test",
            "mist_org_sitegroup.test_group",
            "mist_org_sitegroup.test_group2",
            "mist_site.terraform_site"
          ]
        }
      ]
    },
    {
      "mode": "managed",
      "type": "mist_org_wlantemplate",
      "name": "wlantemplate_one",
      "provider": "provider[\"registry.terraform.io/juniper/mist\"]",
      "instances": [
        {
          "schema_version": 0,
          "attributes": {
            "applies": {
              "org_id": null,
              "site_ids": [],
              "sitegroup_ids": []
            },
            "deviceprofile_ids": [],
            "exceptions": {
              "site_ids": [],
              "sitegroup_ids": []
            },
            "filter_by_deviceprofile": false,
            "id": "511a9dde-e0d8-4999-a778-07cb5003ff05",
            "name": "wlantemplate",
            "org_id": "992bf4b9-c900-4850-9992-107b2f9df928"
          },
          "sensitive_attributes": [],
          "dependencies": [
            "mist_org.terraform_test"
          ]
        }
      ]
    },
    {
      "mode": "managed",
      "type": "mist_org_wxrule",
      "name": "test_01",
      "provider": "provider[\"registry.terraform.io/juniper/mist\"]",
      "instances": [
        {
          "schema_version": 0,
          "attributes": {
            "action": "allow",
            "apply_tags": null,
            "blocked_apps": null,
            "dst_allow_wxtags": null,
            "dst_deny_wxtags": null,
            "enabled": true,
            "id": "8813c8ba-7d6a-46fb-9243-2618244511e0",
            "order": 1,
            "org_id": "992bf4b9-c900-4850-9992-107b2f9df928",
            "src_wxtags": null,
            "template_id": "7ce2224e-237e-49d0-8f5b-89e08f93b866"
          },
          "sensitive_attributes": [],
          "dependencies": [
            "mist_org.terraform_test",
            "mist_org_sitegroup.test_group",
            "mist_org_sitegroup.test_group2",
            "mist_org_wlantemplate.test101",
            "mist_site.terraform_site"
          ]
        }
      ]
    },
    {
      "mode": "managed",
      "type": "mist_org_wxtag",
      "name": "test_1",
      "provider": "provider[\"registry.terraform.io/juniper/mist\"]",
      "instances": [
        {
          "schema_version": 0,
          "attributes": {
            "id": "c0096a4c-b9a6-419b-b8d3-3fa069b3983c",
            "mac": null,
            "match": "ip_range_subnet",
            "name": "Internal Network",
            "op": "in",
            "org_id": "992bf4b9-c900-4850-9992-107b2f9df928",
            "specs": null,
            "type": "match",
            "values": [
              "10.3.0.0/16"
            ],
            "vlan_id": null
          },
          "sensitive_attributes": [],
          "dependencies": [
            "mist_org.terraform_test"
          ]
        }
      ]
    },
    {
      "mode": "managed",
      "type": "mist_org_wxtag",
      "name": "test_10",
      "provider": "provider[\"registry.terraform.io/juniper/mist\"]",
      "instances": [
        {
          "schema_version": 0,
          "attributes": {
            "id": "d98e1b8d-59cd-4821-8c63-c7f84cd7292b",
            "mac": "9a4fccaa8f82",
            "match": null,
            "name": "ma station",
            "op": "in",
            "org_id": "992bf4b9-c900-4850-9992-107b2f9df928",
            "specs": null,
            "type": "client",
            "values": null,
            "vlan_id": null
          },
          "sensitive_attributes": [],
          "dependencies": [
            "mist_org.terraform_test"
          ]
        }
      ]
    },
    {
      "mode": "managed",
      "type": "mist_org_wxtag",
      "name": "test_12",
      "provider": "provider[\"registry.terraform.io/juniper/mist\"]",
      "instances": [
        {
          "schema_version": 0,
          "attributes": {
            "id": "8a1714f0-c67a-4ebd-b2ca-03383e9eb37b",
            "mac": null,
            "match": "radius_group",
            "name": "iot_label",
            "op": "in",
            "org_id": "992bf4b9-c900-4850-9992-107b2f9df928",
            "specs": null,
            "type": "match",
            "values": [
              "iot"
            ],
            "vlan_id": null
          },
          "sensitive_attributes": [],
          "dependencies": [
            "mist_org.terraform_test"
          ]
        }
      ]
    },
    {
      "mode": "managed",
      "type": "mist_org_wxtag",
      "name": "test_13",
      "provider": "provider[\"registry.terraform.io/juniper/mist\"]",
      "instances": [
        {
          "schema_version": 0,
          "attributes": {
            "id": "f5bb6c81-3a70-4f47-910c-a39216766e28",
            "mac": null,
            "match": "radius_group",
            "name": "station",
            "op": "in",
            "org_id": "992bf4b9-c900-4850-9992-107b2f9df928",
            "specs": null,
            "type": "match",
            "values": [
              "station"
            ],
            "vlan_id": null
          },
          "sensitive_attributes": [],
          "dependencies": [
            "mist_org.terraform_test"
          ]
        }
      ]
    },
    {
      "mode": "managed",
      "type": "mist_org_wxtag",
      "name": "test_14",
      "provider": "provider[\"registry.terraform.io/juniper/mist\"]",
      "instances": [
        {
          "schema_version": 0,
          "attributes": {
            "id": "79682514-d888-41ae-86c0-b17df7a1d9c4",
            "mac": null,
            "match": "ap_id",
            "name": "AP_test",
            "op": "not_in",
            "org_id": "992bf4b9-c900-4850-9992-107b2f9df928",
            "specs": null,
            "type": "match",
            "values": [
              "0000000"
            ],
            "vlan_id": null
          },
          "sensitive_attributes": [],
          "dependencies": [
            "mist_org.terraform_test"
          ]
        }
      ]
    },
    {
      "mode": "managed",
      "type": "mist_org_wxtag",
      "name": "test_15",
      "provider": "provider[\"registry.terraform.io/juniper/mist\"]",
      "instances": [
        {
          "schema_version": 0,
          "attributes": {
            "id": "e92e8142-d350-49cd-b477-051506c387ad",
            "mac": null,
            "match": "radius_group",
            "name": "test",
            "op": "in",
            "org_id": "992bf4b9-c900-4850-9992-107b2f9df928",
            "specs": null,
            "type": "match",
            "values": [
              "test"
            ],
            "vlan_id": null
          },
          "sensitive_attributes": [],
          "dependencies": [
            "mist_org.terraform_test"
          ]
        }
      ]
    },
    {
      "mode": "managed",
      "type": "mist_org_wxtag",
      "name": "test_16",
      "provider": "provider[\"registry.terraform.io/juniper/mist\"]",
      "instances": [
        {
          "schema_version": 0,
          "attributes": {
            "id": "d839fcef-5a4b-414f-be4a-578e4f6b2cab",
            "mac": null,
            "match": "psk_role",
            "name": "VIP",
            "op": "in",
            "org_id": "992bf4b9-c900-4850-9992-107b2f9df928",
            "specs": null,
            "type": "match",
            "values": [
              "test"
            ],
            "vlan_id": null
          },
          "sensitive_attributes": [],
          "dependencies": [
            "mist_org.terraform_test"
          ]
        }
      ]
    },
    {
      "mode": "managed",
      "type": "mist_org_wxtag",
      "name": "test_16_1",
      "provider": "provider[\"registry.terraform.io/juniper/mist\"]",
      "instances": [
        {
          "schema_version": 0,
          "attributes": {
            "id": "c064662c-755b-4d58-9be2-411a06e8b738",
            "mac": null,
            "match": "ip_range_subnet",
            "name": "vcsa.stag.one_ip",
            "op": "in",
            "org_id": "992bf4b9-c900-4850-9992-107b2f9df928",
            "specs": null,
            "type": "match",
            "values": [
              "10.3.20.164"
            ],
            "vlan_id": null
          },
          "sensitive_attributes": [],
          "dependencies": [
            "mist_org.terraform_test"
          ]
        }
      ]
    },
    {
      "mode": "managed",
      "type": "mist_org_wxtag",
      "name": "test_17",
      "provider": "provider[\"registry.terraform.io/juniper/mist\"]",
      "instances": [
        {
          "schema_version": 0,
          "attributes": {
            "id": "63c60f37-8016-42bd-87b1-c244a0c740ff",
            "mac": null,
            "match": "app",
            "name": "Allowed Applications",
            "op": "not_in",
            "org_id": "992bf4b9-c900-4850-9992-107b2f9df928",
            "specs": null,
            "type": "match",
            "values": [
              "ringcentral",
              "gcp",
              "gsuite",
              "teamviewer",
              "ms-teams"
            ],
            "vlan_id": null
          },
          "sensitive_attributes": [],
          "dependencies": [
            "mist_org.terraform_test"
          ]
        }
      ]
    },
    {
      "mode": "managed",
      "type": "mist_org_wxtag",
      "name": "test_18",
      "provider": "provider[\"registry.terraform.io/juniper/mist\"]",
      "instances": [
        {
          "schema_version": 0,
          "attributes": {
            "id": "4c3d9dc8-b8bc-43a3-add0-868716c6d8f9",
            "mac": null,
            "match": "ip_range_subnet",
            "name": "any",
            "op": "in",
            "org_id": "992bf4b9-c900-4850-9992-107b2f9df928",
            "specs": null,
            "type": "match",
            "values": [
              "0.0.0.0/0"
            ],
            "vlan_id": null
          },
          "sensitive_attributes": [],
          "dependencies": [
            "mist_org.terraform_test"
          ]
        }
      ]
    },
    {
      "mode": "managed",
      "type": "mist_org_wxtag",
      "name": "test_19",
      "provider": "provider[\"registry.terraform.io/juniper/mist\"]",
      "instances": [
        {
          "schema_version": 0,
          "attributes": {
            "id": "212d3682-29b0-4f35-9081-28930f7df0a3",
            "mac": null,
            "match": "hostname",
            "name": "manage.mist.com",
            "op": "in",
            "org_id": "992bf4b9-c900-4850-9992-107b2f9df928",
            "specs": null,
            "type": "match",
            "values": [
              "manage.mist.com",
              "api.mist.com"
            ],
            "vlan_id": null
          },
          "sensitive_attributes": [],
          "dependencies": [
            "mist_org.terraform_test"
          ]
        }
      ]
    },
    {
      "mode": "managed",
      "type": "mist_org_wxtag",
      "name": "test_19_1",
      "provider": "provider[\"registry.terraform.io/juniper/mist\"]",
      "instances": [
        {
          "schema_version": 0,
          "attributes": {
            "id": "7351833b-9edb-4e0e-9a34-bdeef191b837",
            "mac": null,
            "match": "radius_group",
            "name": "demopsk",
            "op": "in",
            "org_id": "992bf4b9-c900-4850-9992-107b2f9df928",
            "specs": null,
            "type": "match",
            "values": [
              "demopsk"
            ],
            "vlan_id": null
          },
          "sensitive_attributes": [],
          "dependencies": [
            "mist_org.terraform_test"
          ]
        }
      ]
    },
    {
      "mode": "managed",
      "type": "mist_org_wxtag",
      "name": "test_2",
      "provider": "provider[\"registry.terraform.io/juniper/mist\"]",
      "instances": [
        {
          "schema_version": 0,
          "attributes": {
            "id": "b1694174-ad5b-4dce-97a2-01788ff8189b",
            "mac": null,
            "match": "port",
            "name": "DNS",
            "op": "in",
            "org_id": "992bf4b9-c900-4850-9992-107b2f9df928",
            "specs": null,
            "type": "match",
            "values": [
              "53"
            ],
            "vlan_id": null
          },
          "sensitive_attributes": [],
          "dependencies": [
            "mist_org.terraform_test"
          ]
        }
      ]
    },
    {
      "mode": "managed",
      "type": "mist_org_wxtag",
      "name": "test_20",
      "provider": "provider[\"registry.terraform.io/juniper/mist\"]",
      "instances": [
        {
          "schema_version": 0,
          "attributes": {
            "id": "fbba8c36-cf25-4049-881d-5ff9c0a9f052",
            "mac": null,
            "match": "hostname",
            "name": "resource_mist:443",
            "op": "in",
            "org_id": "992bf4b9-c900-4850-9992-107b2f9df928",
            "specs": null,
            "type": "match",
            "values": [
              "manage.mist.com:443"
            ],
            "vlan_id": null
          },
          "sensitive_attributes": [],
          "dependencies": [
            "mist_org.terraform_test"
          ]
        }
      ]
    },
    {
      "mode": "managed",
      "type": "mist_org_wxtag",
      "name": "test_21",
      "provider": "provider[\"registry.terraform.io/juniper/mist\"]",
      "instances": [
        {
          "schema_version": 0,
          "attributes": {
            "id": "b29ad2ad-95ab-4826-80d5-66d27620d487",
            "mac": null,
            "match": null,
            "name": "internet:443",
            "op": "in",
            "org_id": "992bf4b9-c900-4850-9992-107b2f9df928",
            "specs": [
              {
                "port_range": "443",
                "protocol": "tcp",
                "subnets": [
                  "0.0.0.0/0"
                ]
              }
            ],
            "type": "spec",
            "values": null,
            "vlan_id": null
          },
          "sensitive_attributes": [],
          "dependencies": [
            "mist_org.terraform_test"
          ]
        }
      ]
    },
    {
      "mode": "managed",
      "type": "mist_org_wxtag",
      "name": "test_22",
      "provider": "provider[\"registry.terraform.io/juniper/mist\"]",
      "instances": [
        {
          "schema_version": 0,
          "attributes": {
            "id": "6d437e50-7f73-47cd-885a-a5fe42a29393",
            "mac": null,
            "match": "port",
            "name": "DNS_all",
            "op": "in",
            "org_id": "992bf4b9-c900-4850-9992-107b2f9df928",
            "specs": null,
            "type": "match",
            "values": [
              "53"
            ],
            "vlan_id": null
          },
          "sensitive_attributes": [],
          "dependencies": [
            "mist_org.terraform_test"
          ]
        }
      ]
    },
    {
      "mode": "managed",
      "type": "mist_org_wxtag",
      "name": "test_23",
      "provider": "provider[\"registry.terraform.io/juniper/mist\"]",
      "instances": [
        {
          "schema_version": 0,
          "attributes": {
            "id": "701de6d4-235f-4d3a-8b38-c3a8a0c63ad0",
            "mac": null,
            "match": null,
            "name": "DNS_internal",
            "op": "in",
            "org_id": "992bf4b9-c900-4850-9992-107b2f9df928",
            "specs": [
              {
                "port_range": "53",
                "protocol": "any",
                "subnets": [
                  "10.3.20.201",
                  "10.3.51.222"
                ]
              }
            ],
            "type": "spec",
            "values": null,
            "vlan_id": null
          },
          "sensitive_attributes": [],
          "dependencies": [
            "mist_org.terraform_test"
          ]
        }
      ]
    },
    {
      "mode": "managed",
      "type": "mist_org_wxtag",
      "name": "test_24",
      "provider": "provider[\"registry.terraform.io/juniper/mist\"]",
      "instances": [
        {
          "schema_version": 0,
          "attributes": {
            "id": "cedcde03-8f5c-4349-b64a-8eca06f97e7b",
            "mac": null,
            "match": "hostname",
            "name": "netflix",
            "op": "in",
            "org_id": "992bf4b9-c900-4850-9992-107b2f9df928",
            "specs": null,
            "type": "match",
            "values": [
              "netflix.com"
            ],
            "vlan_id": null
          },
          "sensitive_attributes": [],
          "dependencies": [
            "mist_org.terraform_test"
          ]
        }
      ]
    },
    {
      "mode": "managed",
      "type": "mist_org_wxtag",
      "name": "test_25",
      "provider": "provider[\"registry.terraform.io/juniper/mist\"]",
      "instances": [
        {
          "schema_version": 0,
          "attributes": {
            "id": "ba25e018-9d2d-4384-a402-05f6feb7b300",
            "mac": null,
            "match": "ip_range_subnet",
            "name": "RFC1918",
            "op": "in",
            "org_id": "992bf4b9-c900-4850-9992-107b2f9df928",
            "specs": null,
            "type": "match",
            "values": [
              "10.0.0.0/8",
              "172.16.0.0/22",
              "192.168.0.0/16"
            ],
            "vlan_id": null
          },
          "sensitive_attributes": [],
          "dependencies": [
            "mist_org.terraform_test"
          ]
        }
      ]
    },
    {
      "mode": "managed",
      "type": "mist_org_wxtag",
      "name": "test_26",
      "provider": "provider[\"registry.terraform.io/juniper/mist\"]",
      "instances": [
        {
          "schema_version": 0,
          "attributes": {
            "id": "6c6184b2-a494-44e7-ab31-e338a13e68f9",
            "mac": null,
            "match": "ip_range_subnet",
            "name": "iot_subnet",
            "op": "in",
            "org_id": "992bf4b9-c900-4850-9992-107b2f9df928",
            "specs": null,
            "type": "match",
            "values": [
              "10.3.8.0/24"
            ],
            "vlan_id": null
          },
          "sensitive_attributes": [],
          "dependencies": [
            "mist_org.terraform_test"
          ]
        }
      ]
    },
    {
      "mode": "managed",
      "type": "mist_org_wxtag",
      "name": "test_27",
      "provider": "provider[\"registry.terraform.io/juniper/mist\"]",
      "instances": [
        {
          "schema_version": 0,
          "attributes": {
            "id": "4b5360f1-8450-425d-99f9-b1e7b8252dbd",
            "mac": null,
            "match": "hostname",
            "name": "teamviewer",
            "op": "in",
            "org_id": "992bf4b9-c900-4850-9992-107b2f9df928",
            "specs": null,
            "type": "match",
            "values": [
              ".teamviewer.com:5938",
              ".teamviewer.com:443"
            ],
            "vlan_id": null
          },
          "sensitive_attributes": [],
          "dependencies": [
            "mist_org.terraform_test"
          ]
        }
      ]
    },
    {
      "mode": "managed",
      "type": "mist_org_wxtag",
      "name": "test_29",
      "provider": "provider[\"registry.terraform.io/juniper/mist\"]",
      "instances": [
        {
          "schema_version": 0,
          "attributes": {
            "id": "14b1b9fc-20ab-44b9-a62c-bf91d63eb5f6",
            "mac": null,
            "match": "wlan_id",
            "name": "my ssid",
            "op": "in",
            "org_id": "992bf4b9-c900-4850-9992-107b2f9df928",
            "specs": null,
            "type": "match",
            "values": [
              "test"
            ],
            "vlan_id": null
          },
          "sensitive_attributes": [],
          "dependencies": [
            "mist_org.terraform_test"
          ]
        }
      ]
    },
    {
      "mode": "managed",
      "type": "mist_org_wxtag",
      "name": "test_3",
      "provider": "provider[\"registry.terraform.io/juniper/mist\"]",
      "instances": [
        {
          "schema_version": 0,
          "attributes": {
            "id": "3b24df2b-dcd2-4c32-b6e9-ed07d7bf9013",
            "mac": null,
            "match": "port",
            "name": "HTTPS",
            "op": "in",
            "org_id": "992bf4b9-c900-4850-9992-107b2f9df928",
            "specs": null,
            "type": "match",
            "values": [
              "443"
            ],
            "vlan_id": null
          },
          "sensitive_attributes": [],
          "dependencies": [
            "mist_org.terraform_test"
          ]
        }
      ]
    },
    {
      "mode": "managed",
      "type": "mist_org_wxtag",
      "name": "test_30",
      "provider": "provider[\"registry.terraform.io/juniper/mist\"]",
      "instances": [
        {
          "schema_version": 0,
          "attributes": {
            "id": "e2e641c8-7b48-4ca5-b417-a6ab4155a8ef",
            "mac": null,
            "match": "hostname",
            "name": "cdn.segment.com",
            "op": "in",
            "org_id": "992bf4b9-c900-4850-9992-107b2f9df928",
            "specs": null,
            "type": "match",
            "values": [
              "cdn.segment.com"
            ],
            "vlan_id": null
          },
          "sensitive_attributes": [],
          "dependencies": [
            "mist_org.terraform_test"
          ]
        }
      ]
    },
    {
      "mode": "managed",
      "type": "mist_org_wxtag",
      "name": "test_32",
      "provider": "provider[\"registry.terraform.io/juniper/mist\"]",
      "instances": [
        {
          "schema_version": 0,
          "attributes": {
            "id": "e802b688-e947-4e38-8eee-f76a60e92c1b",
            "mac": null,
            "match": "wlan_id",
            "name": "MlN.1X",
            "op": "in",
            "org_id": "992bf4b9-c900-4850-9992-107b2f9df928",
            "specs": null,
            "type": "match",
            "values": [
              "test"
            ],
            "vlan_id": null
          },
          "sensitive_attributes": [],
          "dependencies": [
            "mist_org.terraform_test"
          ]
        }
      ]
    },
    {
      "mode": "managed",
      "type": "mist_org_wxtag",
      "name": "test_4",
      "provider": "provider[\"registry.terraform.io/juniper/mist\"]",
      "instances": [
        {
          "schema_version": 0,
          "attributes": {
            "id": "49838aef-159c-4c89-a17e-2cd864903663",
            "mac": null,
            "match": "port",
            "name": "HTTP",
            "op": "in",
            "org_id": "992bf4b9-c900-4850-9992-107b2f9df928",
            "specs": null,
            "type": "match",
            "values": [
              "80"
            ],
            "vlan_id": null
          },
          "sensitive_attributes": [],
          "dependencies": [
            "mist_org.terraform_test"
          ]
        }
      ]
    },
    {
      "mode": "managed",
      "type": "mist_org_wxtag",
      "name": "test_5",
      "provider": "provider[\"registry.terraform.io/juniper/mist\"]",
      "instances": [
        {
          "schema_version": 0,
          "attributes": {
            "id": "d4e57477-123b-4934-ae1c-98416ee3e236",
            "mac": null,
            "match": "hostname",
            "name": "my app",
            "op": "in",
            "org_id": "992bf4b9-c900-4850-9992-107b2f9df928",
            "specs": null,
            "type": "match",
            "values": [
              "www.myapp.com:443"
            ],
            "vlan_id": null
          },
          "sensitive_attributes": [],
          "dependencies": [
            "mist_org.terraform_test"
          ]
        }
      ]
    },
    {
      "mode": "managed",
      "type": "mist_org_wxtag",
      "name": "test_6",
      "provider": "provider[\"registry.terraform.io/juniper/mist\"]",
      "instances": [
        {
          "schema_version": 0,
          "attributes": {
            "id": "045c60f2-7d30-44e3-bdb3-da6b4f957b8f",
            "mac": null,
            "match": "radius_group",
            "name": "test1",
            "op": "in",
            "org_id": "992bf4b9-c900-4850-9992-107b2f9df928",
            "specs": null,
            "type": "match",
            "values": [
              "test1"
            ],
            "vlan_id": null
          },
          "sensitive_attributes": [],
          "dependencies": [
            "mist_org.terraform_test"
          ]
        }
      ]
    },
    {
      "mode": "managed",
      "type": "mist_org_wxtag",
      "name": "test_7",
      "provider": "provider[\"registry.terraform.io/juniper/mist\"]",
      "instances": [
        {
          "schema_version": 0,
          "attributes": {
            "id": "a7254e60-4631-49cc-bdde-b81a72e64010",
            "mac": null,
            "match": "ip_range_subnet",
            "name": "Subnet SRV",
            "op": "in",
            "org_id": "992bf4b9-c900-4850-9992-107b2f9df928",
            "specs": null,
            "type": "match",
            "values": [
              "10.3.20.0/24"
            ],
            "vlan_id": null
          },
          "sensitive_attributes": [],
          "dependencies": [
            "mist_org.terraform_test"
          ]
        }
      ]
    },
    {
      "mode": "managed",
      "type": "mist_org_wxtag",
      "name": "test_8",
      "provider": "provider[\"registry.terraform.io/juniper/mist\"]",
      "instances": [
        {
          "schema_version": 0,
          "attributes": {
            "id": "e16d3f29-87e1-4c81-a432-729c5cdc0aa4",
            "mac": null,
            "match": null,
            "name": "IP traefik.stag.one:443",
            "op": "in",
            "org_id": "992bf4b9-c900-4850-9992-107b2f9df928",
            "specs": [
              {
                "port_range": "443-443",
                "protocol": "tcp",
                "subnets": [
                  "10.3.20.105"
                ]
              }
            ],
            "type": "spec",
            "values": null,
            "vlan_id": null
          },
          "sensitive_attributes": [],
          "dependencies": [
            "mist_org.terraform_test"
          ]
        }
      ]
    },
    {
      "mode": "managed",
      "type": "mist_org_wxtag",
      "name": "test_81",
      "provider": "provider[\"registry.terraform.io/juniper/mist\"]",
      "instances": [
        {
          "schema_version": 0,
          "attributes": {
            "id": "f9330b6a-41ab-43b8-b705-2ab3deff9c1f",
            "mac": null,
            "match": null,
            "name": "test_81",
            "op": "in",
            "org_id": "992bf4b9-c900-4850-9992-107b2f9df928",
            "specs": [
              {
                "port_range": "0",
                "protocol": "udp",
                "subnets": [
                  "0.0.0.0/0"
                ]
              }
            ],
            "type": "spec",
            "values": null,
            "vlan_id": null
          },
          "sensitive_attributes": [],
          "dependencies": [
            "mist_org.terraform_test"
          ]
        }
      ]
    },
    {
      "mode": "managed",
      "type": "mist_org_wxtag",
      "name": "test_9",
      "provider": "provider[\"registry.terraform.io/juniper/mist\"]",
      "instances": [
        {
          "schema_version": 0,
          "attributes": {
            "id": "83c2e4f5-3bfc-49ba-80f2-e0e448e91c70",
            "mac": null,
            "match": "ip_range_subnet",
            "name": "IP traefik.stag.one",
            "op": "in",
            "org_id": "992bf4b9-c900-4850-9992-107b2f9df928",
            "specs": null,
            "type": "match",
            "values": [
              "10.3.20.105"
            ],
            "vlan_id": null
          },
          "sensitive_attributes": [],
          "dependencies": [
            "mist_org.terraform_test"
          ]
        }
      ]
    },
    {
      "mode": "managed",
      "type": "mist_org_wxtag",
      "name": "wxtag_one",
      "provider": "provider[\"registry.terraform.io/juniper/mist\"]",
      "instances": [
        {
          "schema_version": 0,
          "attributes": {
            "id": "8d05857f-7b62-41e9-a7aa-5e5b8459ccd2",
            "mac": null,
            "match": null,
            "name": "wxtag_one",
            "op": "in",
            "org_id": "992bf4b9-c900-4850-9992-107b2f9df928",
            "specs": null,
            "type": "vlan",
            "values": null,
            "vlan_id": "10"
          },
          "sensitive_attributes": [],
          "dependencies": [
            "mist_org.terraform_test"
          ]
        }
      ]
    },
    {
      "mode": "managed",
      "type": "mist_site",
      "name": "terraform_site",
      "provider": "provider[\"registry.terraform.io/juniper/mist\"]",
      "instances": [
        {
          "schema_version": 0,
          "attributes": {
            "address": "77 Terrasse de l'Université, 92000 Nanterre, France",
            "alarmtemplate_id": null,
            "aptemplate_id": null,
            "country_code": "FR",
            "gatewaytemplate_id": null,
            "id": "19e06ed0-9ee9-4ac7-9d5c-dd1ed551a95c",
            "latlng": {
              "lat": 48.899268,
              "lng": 2.214447
            },
            "name": "terraform_site",
            "networktemplate_id": null,
            "notes": "Created with Terraform, Updated with Terraform",
            "org_id": "992bf4b9-c900-4850-9992-107b2f9df928",
            "rftemplate_id": null,
            "secpolicy_id": null,
            "sitegroup_ids": [
              "91dc3688-addb-4875-85cc-3a065abd21b2",
              "9a4e1d2a-9043-448e-af3e-464dd9ced21d"
            ],
            "sitetemplate_id": null,
            "timezone": "Europe/Paris"
          },
          "sensitive_attributes": [],
          "dependencies": [
            "mist_org.terraform_test",
            "mist_org_sitegroup.test_group",
            "mist_org_sitegroup.test_group2"
          ]
        }
      ]
    },
    {
      "mode": "managed",
      "type": "mist_site",
      "name": "terraform_site2",
      "provider": "provider[\"registry.terraform.io/juniper/mist\"]",
      "instances": [
        {
          "schema_version": 0,
          "attributes": {
            "address": "77 Terrasse de l'Université, 92000 Nanterre, France",
            "alarmtemplate_id": null,
            "aptemplate_id": null,
            "country_code": "FR",
            "gatewaytemplate_id": null,
            "id": "1ac7193f-dd2d-4763-b2d9-954519b71f43",
            "latlng": {
              "lat": 48.899268,
              "lng": 2.214447
            },
            "name": "terraform_site2",
            "networktemplate_id": null,
            "notes": "Created with Terraform, Updated with Terraform",
            "org_id": "992bf4b9-c900-4850-9992-107b2f9df928",
            "rftemplate_id": null,
            "secpolicy_id": null,
            "sitegroup_ids": [
              "91dc3688-addb-4875-85cc-3a065abd21b2",
              "9a4e1d2a-9043-448e-af3e-464dd9ced21d"
            ],
            "sitetemplate_id": null,
            "timezone": "Europe/Paris"
          },
          "sensitive_attributes": [],
          "dependencies": [
            "mist_org.terraform_test",
            "mist_org_sitegroup.test_group",
            "mist_org_sitegroup.test_group2"
          ]
        }
      ]
    },
    {
      "mode": "managed",
      "type": "mist_site_networktemplate",
      "name": "site_switch_template",
      "provider": "provider[\"registry.terraform.io/juniper/mist\"]",
      "instances": [
        {
          "schema_version": 0,
          "attributes": {
            "acl_policies": null,
            "acl_tags": null,
            "additional_config_cmds": [
              "set system hostnam test",
              "set system services ssh root-login allow"
            ],
            "dhcp_snooping": null,
            "dns_servers": [
              "10.3.51.222"
            ],
            "dns_suffix": [
              "stag.one"
            ],
            "extra_routes": null,
            "extra_routes6": null,
            "mist_nac": null,
            "networks": {
              "test": {
                "isolation": false,
                "isolation_vlan_id": null,
                "subnet": "1.2.3.0/24",
                "vlan_id": "10"
              },
              "test2": {
                "isolation": false,
                "isolation_vlan_id": null,
                "subnet": "1.2.3.0/24",
                "vlan_id": "11"
              }
            },
            "ntp_servers": [
              "10.3.51.222"
            ],
            "port_mirroring": null,
            "port_usages": {
              "disabled_port": {
                "all_networks": false,
                "allow_dhcpd": null,
                "allow_multiple_supplicants": false,
                "bypass_auth_when_server_down": false,
                "bypass_auth_when_server_down_for_unkonwn_client": false,
                "description": null,
                "disable_autoneg": false,
                "disabled": true,
                "duplex": "auto",
                "dynamic_vlan_networks": [],
                "enable_mac_auth": false,
                "enable_qos": false,
                "guest_network": null,
                "inter_switch_link": false,
                "mac_auth_only": null,
                "mac_auth_protocol": "eap-md5",
                "mac_limit": 0,
                "mode": "access",
                "mtu": null,
                "networks": [],
                "persist_mac": false,
                "poe_disabled": false,
                "port_auth": null,
                "port_network": "default",
                "reauth_interval": 3600,
                "rejected_network": null,
                "reset_default_when": "link_down",
                "rules": null,
                "speed": null,
                "storm_control": null,
                "stp_edge": false,
                "stp_no_root_port": false,
                "stp_p2p": false,
                "voip_network": null
              },
              "trunk": {
                "all_networks": true,
                "allow_dhcpd": null,
                "allow_multiple_supplicants": false,
                "bypass_auth_when_server_down": false,
                "bypass_auth_when_server_down_for_unkonwn_client": false,
                "description": "profile for trunk ports",
                "disable_autoneg": false,
                "disabled": false,
                "duplex": "auto",
                "dynamic_vlan_networks": [],
                "enable_mac_auth": false,
                "enable_qos": true,
                "guest_network": null,
                "inter_switch_link": false,
                "mac_auth_only": null,
                "mac_auth_protocol": "eap-md5",
                "mac_limit": 0,
                "mode": "trunk",
                "mtu": null,
                "networks": [],
                "persist_mac": false,
                "poe_disabled": false,
                "port_auth": null,
                "port_network": "test2",
                "reauth_interval": 3600,
                "rejected_network": null,
                "reset_default_when": "link_down",
                "rules": null,
                "speed": null,
                "storm_control": {
                  "no_broadcast": false,
                  "no_multicast": false,
                  "no_registered_multicast": false,
                  "no_unknown_unicast": false,
                  "percentage": 15
                },
                "stp_edge": false,
                "stp_no_root_port": false,
                "stp_p2p": false,
                "voip_network": null
              }
            },
            "radius_config": {
              "acct_interim_interval": 60,
              "acct_servers": [
                {
                  "host": "1.2.3.4",
                  "keywrap_enabled": null,
                  "keywrap_format": null,
                  "keywrap_kek": null,
                  "keywrap_mack": null,
                  "port": 1813,
                  "secret": "secret"
                }
              ],
              "auth_servers": [
                {
                  "host": "1.2.3.4",
                  "keywrap_enabled": null,
                  "keywrap_format": null,
                  "keywrap_kek": null,
                  "keywrap_mack": null,
                  "port": 1812,
                  "secret": "secret"
                }
              ],
              "auth_servers_retries": 3,
              "auth_servers_timeout": 5,
              "coa_enabled": true,
              "coa_port": 3799,
              "network": "test",
              "source_ip": null
            },
            "remote_syslog": {
              "archive": {
                "files": 2,
                "size": "5m"
              },
              "console": {
                "contents": [
                  {
                    "facility": "kernel",
                    "severity": "alert"
                  }
                ]
              },
              "enabled": true,
              "files": null,
              "network": "test",
              "send_to_all_servers": false,
              "servers": [
                {
                  "contents": [
                    {
                      "facility": "any",
                      "severity": "any"
                    }
                  ],
                  "explicit_priority": null,
                  "facility": "any",
                  "host": "1.2.3.4",
                  "match": null,
                  "port": 514,
                  "protocol": "udp",
                  "routing_instance": null,
                  "severity": "any",
                  "source_address": null,
                  "structured_data": null,
                  "tag": null
                }
              ],
              "time_format": null,
              "users": null
            },
            "remove_existing_configs": false,
            "site_id": "19e06ed0-9ee9-4ac7-9d5c-dd1ed551a95c",
            "snmp_config": null,
            "switch_matching": {
              "enable": true,
              "rules": [
                {
                  "additional_config_cmds": [
                    "set system name-server 8.8.8.8"
                  ],
                  "match_role": "access",
                  "match_type": "match_name[0:3]",
                  "match_value": "abc",
                  "name": "access",
                  "port_config": {
                    "ge-0/0/0-10": {
                      "ae_disable_lacp": null,
                      "ae_idx": null,
                      "ae_lacp_slow": true,
                      "aggregated": false,
                      "critical": null,
                      "description": null,
                      "disable_autoneg": false,
                      "duplex": "auto",
                      "dynamic_usage": null,
                      "esilag": null,
                      "mtu": 1514,
                      "no_local_overwrite": null,
                      "poe_disabled": false,
                      "speed": "auto",
                      "usage": "trunk"
                    }
                  },
                  "port_mirroring": null
                },
                {
                  "additional_config_cmds": [
                    "set system name-server 8.8.8.8"
                  ],
                  "match_role": "core",
                  "match_type": null,
                  "match_value": null,
                  "name": "core",
                  "port_config": {
                    "ge-0/0/0-10": {
                      "ae_disable_lacp": null,
                      "ae_idx": null,
                      "ae_lacp_slow": true,
                      "aggregated": false,
                      "critical": null,
                      "description": null,
                      "disable_autoneg": false,
                      "duplex": "auto",
                      "dynamic_usage": null,
                      "esilag": null,
                      "mtu": 1514,
                      "no_local_overwrite": null,
                      "poe_disabled": false,
                      "speed": "auto",
                      "usage": "trunk"
                    }
                  },
                  "port_mirroring": null
                }
              ]
            },
            "switch_mgmt": {
              "ap_affinity_threshold": 10,
              "cli_banner": null,
              "cli_idle_timeout": null,
              "config_revert_timer": 10,
              "dhcp_option_fqdn": false,
              "local_accounts": null,
              "mxedge_proxy_host": null,
              "mxedge_proxy_port": 2222,
              "protect_re": {
                "allowed_services": [],
                "custom": null,
                "enabled": true,
                "trusted_hosts": []
              },
              "root_password": "Juniper123",
              "tacacs": null,
              "use_mxedge_proxy": null
            },
            "uplink_port_config": null,
            "vrf_config": {
              "enabled": true
            },
            "vrf_instances": {
              "fds": {
                "extra_routes": {
                  "1.2.0.0/24": {
                    "via": "1.2.3.4"
                  }
                },
                "networks": [
                  "prx"
                ]
              }
            }
          },
          "sensitive_attributes": [
            [
              {
                "type": "get_attr",
                "value": "radius_config"
              },
              {
                "type": "get_attr",
                "value": "auth_servers"
              },
              {
                "type": "index",
                "value": {
                  "value": 0,
                  "type": "number"
                }
              },
              {
                "type": "get_attr",
                "value": "secret"
              }
            ],
            [
              {
                "type": "get_attr",
                "value": "radius_config"
              },
              {
                "type": "get_attr",
                "value": "acct_servers"
              },
              {
                "type": "index",
                "value": {
                  "value": 0,
                  "type": "number"
                }
              },
              {
                "type": "get_attr",
                "value": "secret"
              }
            ],
            [
              {
                "type": "get_attr",
                "value": "switch_mgmt"
              },
              {
                "type": "get_attr",
                "value": "root_password"
              }
            ]
          ],
          "dependencies": [
            "mist_org.terraform_test",
            "mist_org_sitegroup.test_group",
            "mist_org_sitegroup.test_group2",
            "mist_site.terraform_site"
          ]
        }
      ]
    },
    {
      "mode": "managed",
      "type": "mist_site_psk",
      "name": "psk_two",
      "provider": "provider[\"registry.terraform.io/juniper/mist\"]",
      "instances": [
        {
          "schema_version": 0,
          "attributes": {
            "email": null,
            "expire_time": 0,
            "expiry_notification_time": null,
            "id": "5cb57a6f-3eea-486b-b534-e4179a7aa4dd",
            "mac": "deadbeefdeaf",
            "name": "psk_two",
            "note": null,
            "notify_expiry": false,
            "notify_on_create_or_edit": null,
            "old_passphrase": null,
            "org_id": "992bf4b9-c900-4850-9992-107b2f9df928",
            "passphrase": "juniper123",
            "role": null,
            "site_id": "19e06ed0-9ee9-4ac7-9d5c-dd1ed551a95c",
            "ssid": "test",
            "usage": "single",
            "vlan_id": null
          },
          "sensitive_attributes": [
            [
              {
                "type": "get_attr",
                "value": "old_passphrase"
              }
            ],
            [
              {
                "type": "get_attr",
                "value": "passphrase"
              }
            ]
          ],
          "dependencies": [
            "mist_org.terraform_test",
            "mist_org_sitegroup.test_group",
            "mist_org_sitegroup.test_group2",
            "mist_site.terraform_site"
          ]
        }
      ]
    },
    {
      "mode": "managed",
      "type": "mist_site_setting",
      "name": "test",
      "provider": "provider[\"registry.terraform.io/juniper/mist\"]",
      "instances": [
        {
          "schema_version": 0,
          "attributes": {
            "analytic": null,
            "ap_updown_threshold": 5,
            "auto_upgrade": {
              "custom_versions": {},
              "day_of_week": "tue",
              "enabled": true,
              "time_of_day": "02:00",
              "version": "beta"
            },
            "blacklist_url": "",
            "ble_config": null,
            "config_auto_revert": true,
            "config_push_policy": null,
            "critical_url_monitoring": null,
            "device_updown_threshold": 5,
            "disabled_system_defined_port_usages": null,
            "engagement": null,
            "gateway_mgmt": {
              "admin_sshkeys": [],
              "app_probing": {
                "apps": null,
                "custom_apps": [
                  {
                    "address": "test.com",
                    "app_type": null,
                    "hostname": [],
                    "name": null,
                    "network": null,
                    "protocol": "icmp",
                    "url": null,
                    "vrf": null
                  },
                  {
                    "address": "",
                    "app_type": null,
                    "hostname": [],
                    "name": null,
                    "network": null,
                    "protocol": "http",
                    "url": "example.com",
                    "vrf": null
                  }
                ],
                "enabled": null
              },
              "app_usage": true,
              "auto_signature_update": {
                "day_of_week": null,
                "enable": true,
                "time_of_day": "02:00"
              },
              "config_revert_timer": 10,
              "disable_console": false,
              "disable_oob": false,
              "probe_hosts": [],
              "root_password": "pwd123",
              "security_log_source_address": null,
              "security_log_source_interface": null
            },
            "gateway_updown_threshold": 0,
            "led": null,
            "occupancy": null,
            "persist_config_on_device": true,
            "proxy": {
              "url": "http://myproxy:3128"
            },
            "remove_existing_configs": false,
            "report_gatt": false,
            "rogue": {
              "enabled": true,
              "honeypot_enabled": true,
              "min_duration": 5,
              "min_rssi": -80,
              "whitelisted_bssids": [],
              "whitelisted_ssids": []
            },
            "rtsa": null,
            "simple_alert": null,
            "site_id": "19e06ed0-9ee9-4ac7-9d5c-dd1ed551a95c",
            "skyatp": null,
            "srx_app": null,
            "ssh_keys": null,
            "ssr": null,
            "switch_updown_threshold": 0,
            "synthetic_test": null,
            "track_anonymous_devices": false,
            "uplink_port_config": null,
            "vars": {},
            "vna": null,
            "vs_instance": null,
            "wan_vna": null,
            "watched_station_url": "",
            "whitelist_url": "",
            "wids": null,
            "wifi": null,
            "wired_vna": null,
            "zone_occupancy_alert": null
          },
          "sensitive_attributes": [
            [
              {
                "type": "get_attr",
                "value": "gateway_mgmt"
              },
              {
                "type": "get_attr",
                "value": "root_password"
              }
            ]
          ],
          "dependencies": [
            "mist_org.terraform_test",
            "mist_org_sitegroup.test_group",
            "mist_org_sitegroup.test_group2",
            "mist_site.terraform_site"
          ]
        }
      ]
    },
    {
      "mode": "managed",
      "type": "mist_site_webhook",
      "name": "webhook_one",
      "provider": "provider[\"registry.terraform.io/juniper/mist\"]",
      "instances": [
        {
          "schema_version": 0,
          "attributes": {
            "enabled": false,
            "headers": null,
            "id": "9f318634-ebc4-40e8-aede-4256305fa163",
            "name": "test",
            "oauth2_client_id": null,
            "oauth2_client_secret": null,
            "oauth2_grant_type": null,
            "oauth2_password": null,
            "oauth2_scopes": null,
            "oauth2_token_url": null,
            "oauth2_username": null,
            "org_id": "992bf4b9-c900-4850-9992-107b2f9df928",
            "secret": null,
            "site_id": "19e06ed0-9ee9-4ac7-9d5c-dd1ed551a95c",
            "splunk_token": null,
            "topics": [
              "audits"
            ],
            "type": "http-post",
            "url": "https://test.com",
            "verify_cert": true
          },
          "sensitive_attributes": [
            [
              {
                "type": "get_attr",
                "value": "splunk_token"
              }
            ],
            [
              {
                "type": "get_attr",
                "value": "secret"
              }
            ],
            [
              {
                "type": "get_attr",
                "value": "oauth2_client_secret"
              }
            ],
            [
              {
                "type": "get_attr",
                "value": "oauth2_password"
              }
            ]
          ],
          "dependencies": [
            "mist_org.terraform_test",
            "mist_org_sitegroup.test_group",
            "mist_org_sitegroup.test_group2",
            "mist_site.terraform_site"
          ]
        }
      ]
    },
    {
      "mode": "managed",
      "type": "mist_site_wlan",
      "name": "test_open",
      "provider": "provider[\"registry.terraform.io/juniper/mist\"]",
      "instances": [
        {
          "schema_version": 0,
          "attributes": {
            "acct_immediate_update": false,
            "acct_interim_interval": 0,
            "acct_servers": null,
            "airwatch": null,
            "allow_ipv6_ndp": true,
            "allow_mdns": false,
            "allow_ssdp": true,
            "ap_ids": [],
            "app_limit": null,
            "app_qos": null,
            "apply_to": null,
            "arp_filter": false,
            "auth": null,
            "auth_server_selection": "ordered",
            "auth_servers": null,
            "auth_servers_nas_id": null,
            "auth_servers_nas_ip": null,
            "auth_servers_retries": 2,
            "auth_servers_timeout": 5,
            "band_steer": false,
            "band_steer_force_band5": false,
            "bands": null,
            "block_blacklist_clients": false,
            "bonjour": null,
            "cisco_cwa": null,
            "client_limit_down": null,
            "client_limit_down_enabled": false,
            "client_limit_up": null,
            "client_limit_up_enabled": false,
            "coa_servers": null,
            "disable_11ax": false,
            "disable_ht_vht_rates": false,
            "disable_uapsd": false,
            "disable_v1_roam_notify": false,
            "disable_v2_roam_notify": false,
            "disable_wmm": false,
            "dns_server_rewrite": null,
            "dtim": 2,
            "dynamic_psk": null,
            "dynamic_vlan": null,
            "enable_local_keycaching": false,
            "enable_wireless_bridging": false,
            "enable_wireless_bridging_dhcp_tracking": false,
            "enabled": true,
            "fast_dot1x_timers": false,
            "hide_ssid": false,
            "hostname_ie": false,
            "hotspot20": null,
            "id": "83e9a7a3-4e78-4679-984d-69c2837a7253",
            "inject_dhcp_option_82": null,
            "interface": "all",
            "isolation": false,
            "l2_isolation": false,
            "legacy_overds": false,
            "limit_bcast": true,
            "limit_probe_response": false,
            "max_idletime": 1800,
            "mist_nac": null,
            "msp_id": "",
            "mxtunnel_ids": [],
            "mxtunnel_name": [],
            "no_static_dns": false,
            "no_static_ip": false,
            "org_id": "992bf4b9-c900-4850-9992-107b2f9df928",
            "portal": {
              "amazon_client_id": "",
              "amazon_client_secret": "",
              "amazon_email_domains": [],
              "amazon_enabled": false,
              "amazon_expire": 0,
              "auth": "none",
              "azure_client_id": "",
              "azure_client_secret": "",
              "azure_enabled": false,
              "azure_expire": 0,
              "azure_tenant_id": "",
              "broadnet_password": "",
              "broadnet_sid": "MIST",
              "broadnet_user_id": "",
              "bypass_when_cloud_down": false,
              "clickatell_api_key": "",
              "cross_site": false,
              "email_enabled": false,
              "enabled": false,
              "expire": 1440,
              "external_portal_url": "",
              "facebook_client_id": "",
              "facebook_client_secret": "",
              "facebook_email_domains": [],
              "facebook_enabled": false,
              "facebook_expire": 0,
              "forward": false,
              "forward_url": "",
              "google_client_id": "",
              "google_client_secret": "",
              "google_email_domains": [],
              "google_enabled": false,
              "google_expire": 0,
              "gupshup_password": "",
              "gupshup_userid": "",
              "microsoft_client_id": "",
              "microsoft_client_secret": "",
              "microsoft_email_domains": [],
              "microsoft_enabled": false,
              "microsoft_expire": 0,
              "passphrase_enabled": false,
              "passphrase_expire": 0,
              "password": "",
              "predefined_sponsors_enabled": true,
              "predefined_sponsors_hide_email": false,
              "privacy": false,
              "puzzel_password": "",
              "puzzel_service_id": "",
              "puzzel_username": "",
              "sms_enabled": false,
              "sms_expire": 0,
              "sms_message_format": "Code {{code}} expires in {{duration}} minutes.",
              "sms_provider": "manual",
              "sponsor_auto_approve": false,
              "sponsor_email_domains": [],
              "sponsor_enabled": false,
              "sponsor_expire": 0,
              "sponsor_link_validity_duration": "60",
              "sponsor_notify_all": false,
              "sponsor_status_notify": false,
              "sponsors": {},
              "sso_default_role": "",
              "sso_forced_role": "",
              "sso_idp_cert": "",
              "sso_idp_sign_algo": "sha1",
              "sso_idp_sso_url": "",
              "sso_issuer": "",
              "sso_nameid_format": "email",
              "telstra_client_id": "",
              "telstra_client_secret": "",
              "twilio_auth_token": "",
              "twilio_phone_number": "",
              "twilio_sid": ""
            },
            "portal_allowed_hostnames": [],
            "portal_allowed_subnets": [],
            "portal_api_secret": null,
            "portal_denied_hostnames": [],
            "portal_image": null,
            "portal_sso_url": null,
            "portal_template_url": null,
            "qos": null,
            "radsec": null,
            "roam_mode": "NONE",
            "schedule": null,
            "site_id": "19e06ed0-9ee9-4ac7-9d5c-dd1ed551a95c",
            "sle_excluded": false,
            "ssid": "demo",
            "thumbnail": null,
            "use_eapol_v1": false,
            "vlan_enabled": false,
            "vlan_id": null,
            "vlan_ids": [],
            "vlan_pooling": false,
            "wlan_limit_down": 0,
            "wlan_limit_down_enabled": false,
            "wlan_limit_up": 0,
            "wlan_limit_up_enabled": false,
            "wxtag_ids": [],
            "wxtunnel_id": "",
            "wxtunnel_remote_id": ""
          },
          "sensitive_attributes": [
            [
              {
                "type": "get_attr",
                "value": "portal"
              },
              {
                "type": "get_attr",
                "value": "broadnet_password"
              }
            ],
            [
              {
                "type": "get_attr",
                "value": "portal"
              },
              {
                "type": "get_attr",
                "value": "password"
              }
            ],
            [
              {
                "type": "get_attr",
                "value": "portal"
              },
              {
                "type": "get_attr",
                "value": "puzzel_password"
              }
            ],
            [
              {
                "type": "get_attr",
                "value": "portal"
              },
              {
                "type": "get_attr",
                "value": "gupshup_password"
              }
            ]
          ],
          "dependencies": [
            "mist_org.terraform_test",
            "mist_org_sitegroup.test_group",
            "mist_org_sitegroup.test_group2",
            "mist_site.terraform_site"
          ]
        }
      ]
    },
    {
      "mode": "managed",
      "type": "mist_site_wlan",
      "name": "wlan_cwp2",
      "provider": "provider[\"registry.terraform.io/juniper/mist\"]",
      "instances": [
        {
          "schema_version": 0,
          "attributes": {
            "acct_immediate_update": false,
            "acct_interim_interval": 0,
            "acct_servers": null,
            "airwatch": null,
            "allow_ipv6_ndp": true,
            "allow_mdns": false,
            "allow_ssdp": false,
            "ap_ids": [],
            "app_limit": null,
            "app_qos": null,
            "apply_to": "site",
            "arp_filter": false,
            "auth": {
              "anticlog_threshold": 16,
              "eap_reauth": false,
              "enable_mac_auth": false,
              "key_idx": 1,
              "keys": [],
              "multi_psk_only": false,
              "owe": "disabled",
              "pairwise": [],
              "private_wlan": false,
              "psk": "Juniper123",
              "type": "psk",
              "wep_as_secondary_auth": false
            },
            "auth_server_selection": "ordered",
            "auth_servers": null,
            "auth_servers_nas_id": null,
            "auth_servers_nas_ip": null,
            "auth_servers_retries": 2,
            "auth_servers_timeout": 5,
            "band_steer": false,
            "band_steer_force_band5": false,
            "bands": [
              "5"
            ],
            "block_blacklist_clients": false,
            "bonjour": null,
            "cisco_cwa": null,
            "client_limit_down": null,
            "client_limit_down_enabled": false,
            "client_limit_up": null,
            "client_limit_up_enabled": false,
            "coa_servers": null,
            "disable_11ax": false,
            "disable_ht_vht_rates": false,
            "disable_uapsd": false,
            "disable_v1_roam_notify": false,
            "disable_v2_roam_notify": false,
            "disable_wmm": false,
            "dns_server_rewrite": null,
            "dtim": 2,
            "dynamic_psk": null,
            "dynamic_vlan": null,
            "enable_local_keycaching": false,
            "enable_wireless_bridging": false,
            "enable_wireless_bridging_dhcp_tracking": false,
            "enabled": true,
            "fast_dot1x_timers": false,
            "hide_ssid": false,
            "hostname_ie": false,
            "hotspot20": null,
            "id": "734921a9-c3ec-45ba-a02a-e61659f3bf50",
            "inject_dhcp_option_82": null,
            "interface": "all",
            "isolation": false,
            "l2_isolation": false,
            "legacy_overds": false,
            "limit_bcast": false,
            "limit_probe_response": false,
            "max_idletime": 1800,
            "mist_nac": null,
            "msp_id": "",
            "mxtunnel_ids": [],
            "mxtunnel_name": [],
            "no_static_dns": false,
            "no_static_ip": false,
            "org_id": "992bf4b9-c900-4850-9992-107b2f9df928",
            "portal": {
              "amazon_client_id": "",
              "amazon_client_secret": "",
              "amazon_email_domains": [],
              "amazon_enabled": false,
              "amazon_expire": 0,
              "auth": "sso",
              "azure_client_id": "",
              "azure_client_secret": "",
              "azure_enabled": false,
              "azure_expire": 0,
              "azure_tenant_id": "",
              "broadnet_password": "",
              "broadnet_sid": "MIST",
              "broadnet_user_id": "",
              "bypass_when_cloud_down": true,
              "clickatell_api_key": "",
              "cross_site": false,
              "email_enabled": true,
              "enabled": true,
              "expire": 1440,
              "external_portal_url": "",
              "facebook_client_id": "",
              "facebook_client_secret": "",
              "facebook_email_domains": [],
              "facebook_enabled": false,
              "facebook_expire": 0,
              "forward": false,
              "forward_url": "",
              "google_client_id": "",
              "google_client_secret": "",
              "google_email_domains": [],
              "google_enabled": false,
              "google_expire": 0,
              "gupshup_password": "",
              "gupshup_userid": "",
              "microsoft_client_id": "",
              "microsoft_client_secret": "",
              "microsoft_email_domains": [],
              "microsoft_enabled": false,
              "microsoft_expire": 0,
              "passphrase_enabled": false,
              "passphrase_expire": 0,
              "password": "",
              "predefined_sponsors_enabled": true,
              "predefined_sponsors_hide_email": false,
              "privacy": false,
              "puzzel_password": "",
              "puzzel_service_id": "",
              "puzzel_username": "",
              "sms_enabled": false,
              "sms_expire": 0,
              "sms_message_format": "Code {{code}} expires in {{duration}} minutes.",
              "sms_provider": "manual",
              "sponsor_auto_approve": false,
              "sponsor_email_domains": [],
              "sponsor_enabled": false,
              "sponsor_expire": 0,
              "sponsor_link_validity_duration": "60",
              "sponsor_notify_all": false,
              "sponsor_status_notify": false,
              "sponsors": {},
              "sso_default_role": "",
              "sso_forced_role": "",
              "sso_idp_cert": "-----BEGIN CERTIFICATE-----\nMIIC8DCCAdigAwIBAgIQE5pOI9W1DZFHbB9m2Q7ADzANBgkqhkiG9w0BAQsFADA0MTIwMAYDVQQD\nEylNaWNyb3NvZnQgQXp1cmUgRmVkZXJhdGVkIFNTTyBDZXJ0aWZpY2F0ZTAeFw0yMjAyMDIxNDEz\nMTNaFw0yNTAyMDIxNDEzMTNaMDQxMjAwBgNVBAMTKU1pY3Jvc29mdCBBenVyZSBGZWRlcmF0ZWQg\nU1NPIENlcnRpZmljYXRlMIIBIjANBgkqhkiG9w0BAQEFAAOCAQ8AMIIBCgKCAQEA5gQTCccB3oE7\nelNYH2+11Q69Iq/2f3qf5KUZEQKwL++HyoBCOAM3wL3uLWwvRaih4+qpAeZvNsuShNIyB08SDcWN\nYsqVxaUsLYfzDD0c9VG9mwAx0Kh01S2JvtaLCaFveac7UXVfn/E/QbPXibS1EQvHUj0hwNXMrdS4\nh4TOk4D1Q70+OnCWyy7ykG1/RuO8UerIfqkQEy4C3QFb3Cyo4E7bEaYQo0NiCqD9IoM3B0wZib8Y\n3yRGJKdzXyDxuVJFb5rF7XMAHTWWAbxaN4KOLhZnjaJla7Pu/sFAj2Npm8Hm5pYEYBaUz4fc/8kg\nIwakFb3mnbnYw0xQwf+aJss1vQIDAQABMA0GCSqGSIb3DQEBCwUAA4IBAQCF+oKuLmnooDzALwaE\nbFVI7PVGhU7/UZzAnq6HHI9ngF0Af2+uIrvAz6rdUM1bsGhRbj3SV2oaj26pe/1TDrGescXWhTPw\nKcXOwBnVmFr8FlMkozwpHRNzCQyFYGiTAztgQcmtwF7pilVndOmEc+p3LvCdI5JZB+LtMM/o9V+1\n+Yhm4MEWO6wTSY+j7goc/vi5f76TDZPN6PkRv17+EkybEudJuTOuIoNiqsAbNB52bVNHtxFHGIwb\nH9iS45QJ4/RG1WUr91xe3Vzh/fp1BkiHZVL4iOywOIF0TYcW7h958JEf+q0HD5LUMO47NPEbc/Cd\n+fVCTXWzABXXy4D+S8gA\n-----END CERTIFICATE-----",
              "sso_idp_sign_algo": "sha256",
              "sso_idp_sso_url": "https://login.microsoftonline.com/f2532c2f-938c-4529-b6e4-aa26992b6b62/saml2",
              "sso_issuer": "https://sts.windows.net/f2532c2f-938c-4529-b6e4-aa26992b6b62/",
              "sso_nameid_format": "email",
              "telstra_client_id": "",
              "telstra_client_secret": "",
              "twilio_auth_token": "",
              "twilio_phone_number": "",
              "twilio_sid": ""
            },
            "portal_allowed_hostnames": [
              "login.microsoftonline.com",
              "portal.mist.com",
              "login.live.com",
              "aadcdn.msauth.net",
              "logincdn.msauth.net"
            ],
            "portal_allowed_subnets": [],
            "portal_api_secret": null,
            "portal_denied_hostnames": [],
            "portal_image": null,
            "portal_sso_url": "https://portal.mist.com/saml/734921a9-c3ec-45ba-a02a-e61659f3bf50/login",
            "portal_template_url": null,
            "qos": null,
            "radsec": null,
            "roam_mode": "11r",
            "schedule": null,
            "site_id": "19e06ed0-9ee9-4ac7-9d5c-dd1ed551a95c",
            "sle_excluded": false,
            "ssid": "MlN.test",
            "thumbnail": null,
            "use_eapol_v1": false,
            "vlan_enabled": false,
            "vlan_id": "143",
            "vlan_ids": [],
            "vlan_pooling": false,
            "wlan_limit_down": 0,
            "wlan_limit_down_enabled": false,
            "wlan_limit_up": 0,
            "wlan_limit_up_enabled": false,
            "wxtag_ids": [],
            "wxtunnel_id": "",
            "wxtunnel_remote_id": ""
          },
          "sensitive_attributes": [
            [
              {
                "type": "get_attr",
                "value": "portal"
              },
              {
                "type": "get_attr",
                "value": "password"
              }
            ],
            [
              {
                "type": "get_attr",
                "value": "portal"
              },
              {
                "type": "get_attr",
                "value": "broadnet_password"
              }
            ],
            [
              {
                "type": "get_attr",
                "value": "portal"
              },
              {
                "type": "get_attr",
                "value": "gupshup_password"
              }
            ],
            [
              {
                "type": "get_attr",
                "value": "portal"
              },
              {
                "type": "get_attr",
                "value": "puzzel_password"
              }
            ],
            [
              {
                "type": "get_attr",
                "value": "auth"
              },
              {
                "type": "get_attr",
                "value": "psk"
              }
            ]
          ],
          "dependencies": [
            "mist_org.terraform_test",
            "mist_org_sitegroup.test_group",
            "mist_org_sitegroup.test_group2",
            "mist_site.terraform_site"
          ]
        }
      ]
    },
    {
      "mode": "managed",
      "type": "mist_site_wlan",
      "name": "wlan_one",
      "provider": "provider[\"registry.terraform.io/juniper/mist\"]",
      "instances": [
        {
          "schema_version": 0,
          "attributes": {
            "acct_immediate_update": false,
            "acct_interim_interval": 0,
            "acct_servers": null,
            "airwatch": null,
            "allow_ipv6_ndp": true,
            "allow_mdns": false,
            "allow_ssdp": false,
            "ap_ids": [],
            "app_limit": null,
            "app_qos": null,
            "apply_to": null,
            "arp_filter": false,
            "auth": {
              "anticlog_threshold": 16,
              "eap_reauth": false,
              "enable_mac_auth": false,
              "key_idx": 1,
              "keys": [],
              "multi_psk_only": false,
              "owe": "disabled",
              "pairwise": [],
              "private_wlan": false,
              "psk": "secretpsk",
              "type": "psk",
              "wep_as_secondary_auth": false
            },
            "auth_server_selection": "ordered",
            "auth_servers": null,
            "auth_servers_nas_id": null,
            "auth_servers_nas_ip": null,
            "auth_servers_retries": 2,
            "auth_servers_timeout": 5,
            "band_steer": false,
            "band_steer_force_band5": false,
            "bands": [
              "5",
              "6"
            ],
            "block_blacklist_clients": false,
            "bonjour": null,
            "cisco_cwa": null,
            "client_limit_down": null,
            "client_limit_down_enabled": false,
            "client_limit_up": null,
            "client_limit_up_enabled": false,
            "coa_servers": null,
            "disable_11ax": false,
            "disable_ht_vht_rates": false,
            "disable_uapsd": false,
            "disable_v1_roam_notify": false,
            "disable_v2_roam_notify": false,
            "disable_wmm": false,
            "dns_server_rewrite": null,
            "dtim": 2,
            "dynamic_psk": null,
            "dynamic_vlan": {
              "default_vlan_ids": [
                "494"
              ],
              "enabled": true,
              "local_vlan_ids": [],
              "type": "standard",
              "vlans": {
                "460": "",
                "492": "",
                "494": ""
              }
            },
            "enable_local_keycaching": false,
            "enable_wireless_bridging": false,
            "enable_wireless_bridging_dhcp_tracking": false,
            "enabled": true,
            "fast_dot1x_timers": false,
            "hide_ssid": false,
            "hostname_ie": false,
            "hotspot20": null,
            "id": "783beefc-d68a-4a68-a0e2-a9b775cfaeed",
            "inject_dhcp_option_82": null,
            "interface": "all",
            "isolation": false,
            "l2_isolation": false,
            "legacy_overds": false,
            "limit_bcast": false,
            "limit_probe_response": false,
            "max_idletime": 1800,
            "mist_nac": null,
            "msp_id": "",
            "mxtunnel_ids": [],
            "mxtunnel_name": [],
            "no_static_dns": false,
            "no_static_ip": false,
            "org_id": "992bf4b9-c900-4850-9992-107b2f9df928",
            "portal": null,
            "portal_allowed_hostnames": [],
            "portal_allowed_subnets": [],
            "portal_api_secret": null,
            "portal_denied_hostnames": [],
            "portal_image": null,
            "portal_sso_url": null,
            "portal_template_url": null,
            "qos": null,
            "radsec": null,
            "roam_mode": "NONE",
            "schedule": null,
            "site_id": "19e06ed0-9ee9-4ac7-9d5c-dd1ed551a95c",
            "sle_excluded": false,
            "ssid": "wlan_one",
            "thumbnail": null,
            "use_eapol_v1": false,
            "vlan_enabled": false,
            "vlan_id": "143",
            "vlan_ids": [],
            "vlan_pooling": false,
            "wlan_limit_down": 0,
            "wlan_limit_down_enabled": false,
            "wlan_limit_up": 0,
            "wlan_limit_up_enabled": false,
            "wxtag_ids": [],
            "wxtunnel_id": "",
            "wxtunnel_remote_id": ""
          },
          "sensitive_attributes": [
            [
              {
                "type": "get_attr",
                "value": "auth"
              },
              {
                "type": "get_attr",
                "value": "psk"
              }
            ]
          ],
          "dependencies": [
            "mist_org.terraform_test",
            "mist_org_sitegroup.test_group",
            "mist_org_sitegroup.test_group2",
            "mist_site.terraform_site"
          ]
        }
      ]
    }
  ],
  "check_results": null
}
