{
  "version": 4,
  "terraform_version": "1.9.5",
  "serial": 5785,
  "lineage": "20532229-881e-4371-f1fd-11d081e97e25",
  "outputs": {},
  "resources": [
    {
      "mode": "managed",
      "type": "mist_device_ap",
      "name": "test_ap",
      "provider": "provider[\"registry.terraform.io/juniper/mist\"]",
      "instances": [
        {
          "schema_version": 0,
          "attributes": {
            "aeroscout": null,
            "ble_config": null,
            "centrak": null,
            "client_bridge": null,
            "device_id": "00000000-0000-0000-1000-003e7316ff9e",
            "disable_eth1": false,
            "disable_eth2": false,
            "disable_eth3": false,
            "disable_module": false,
            "esl_config": null,
            "height": null,
            "image1_url": "",
            "image2_url": "",
            "image3_url": "",
            "ip_config": null,
            "led": null,
            "locked": null,
            "mac": "003e7316ff9e",
            "map_id": null,
            "mesh": null,
            "model": "AP24",
            "name": "test_ap",
            "notes": null,
            "ntp_servers": null,
            "org_id": "992bf4b9-c900-4850-9992-107b2f9df928",
            "orientation": null,
            "poe_passthrough": false,
            "pwr_config": null,
            "radio_config": null,
            "serial": "A192923060671",
            "site_id": "d7c8364e-f2f4-48ca-907e-37eff0475b03",
            "type": "ap",
            "uplink_port_config": null,
            "usb_config": null,
            "vars": null,
            "x": null,
            "y": null
          },
          "sensitive_attributes": [],
          "dependencies": [
            "mist_org.terraform_test",
            "mist_org_inventory.inventory",
            "mist_site.terraform_site"
          ]
        }
      ]
    },
    {
      "mode": "managed",
      "type": "mist_device_gateway",
      "name": "cluster_one",
      "provider": "provider[\"registry.terraform.io/juniper/mist\"]",
      "instances": [
        {
          "schema_version": 0,
          "attributes": {
            "additional_config_cmds": [
              "hello world"
            ],
            "bgp_config": {
              "test": {
                "auth_key": "secret",
                "bfd_minimum_interval": 4,
                "bfd_multiplier": 3,
                "communities": [
                  {
                    "id": "1234",
                    "local_preference": 23,
                    "vpn_name": null
                  }
                ],
                "disable_bfd": false,
                "export": null,
                "export_policy": null,
                "extended_v4_nexthop": null,
                "graceful_restart_time": 0,
                "hold_time": 90,
                "import": null,
                "import_policy": null,
                "local_as": null,
                "neighbor_as": null,
                "neighbors": null,
                "networks": [],
                "no_readvertise_to_overlay": false,
                "tunnel_name": null,
                "type": null,
                "via": "lan",
                "vpn_name": null,
                "wan_name": null
              }
            },
            "device_id": "00000000-0000-0000-1000-4c9614025500",
            "dhcpd_config": {
              "config": {
                "CORE_VLAN410": {
                  "dns_servers": [
                    "8.8.8.8"
                  ],
                  "dns_suffix": [
                    "mycorp.local"
                  ],
                  "fixed_bindings": {
                    "deadbeefdead": {
                      "ip": "10.4.171.11",
                      "name": "c0ffee"
                    }
                  },
                  "gateway": "10.4.171.1",
                  "ip_end": "10.4.171.100",
                  "ip_end6": null,
                  "ip_start": "10.4.171.10",
                  "ip_start6": null,
                  "lease_time": 5463,
                  "options": {
                    "42": {
                      "type": "string",
                      "value": "2.2.2.2"
                    }
                  },
                  "server_id_override": false,
                  "servers": [],
                  "servers6": [],
                  "type": "local",
                  "type6": "none",
                  "vendor_encapulated": null
                },
                "RESTRICTED_VLAN420": {
                  "dns_servers": [],
                  "dns_suffix": [],
                  "fixed_bindings": null,
                  "gateway": null,
                  "ip_end": null,
                  "ip_end6": null,
                  "ip_start": null,
                  "ip_start6": null,
                  "lease_time": 86400,
                  "options": null,
                  "server_id_override": false,
                  "servers": [
                    "1.2.3.4"
                  ],
                  "servers6": [],
                  "type": "relay",
                  "type6": "none",
                  "vendor_encapulated": null
                },
                "test": {
                  "dns_servers": [],
                  "dns_suffix": [],
                  "fixed_bindings": null,
                  "gateway": null,
                  "ip_end": null,
                  "ip_end6": null,
                  "ip_start": null,
                  "ip_start6": null,
                  "lease_time": 86400,
                  "options": null,
                  "server_id_override": false,
                  "servers": [],
                  "servers6": [],
                  "type": "local",
                  "type6": "none",
                  "vendor_encapulated": null
                }
              },
              "enabled": true
            },
            "dns_servers": null,
            "dns_suffix": null,
            "extra_routes": null,
            "extra_routes6": null,
            "idp_profiles": null,
            "image1_url": "",
            "image2_url": "",
            "image3_url": "",
            "ip_configs": {
              "AUTOMATION_VLAN460": {
                "ip": "10.6.171.1",
                "netmask": "/24",
                "secondary_ips": [],
                "type": "static"
              },
              "CORE_VLAN410": {
                "ip": "10.4.171.1",
                "netmask": "/24",
                "secondary_ips": [],
                "type": "static"
              },
              "MANAGEMENT_VLAN430": {
                "ip": "10.8.171.1",
                "netmask": "/24",
                "secondary_ips": [],
                "type": "static"
              },
              "RESTRICTED_VLAN420": {
                "ip": "10.5.171.1",
                "netmask": "/24",
                "secondary_ips": [],
                "type": "static"
              },
              "UNTRUSTED_VLAN490": {
                "ip": "10.7.171.1",
                "netmask": "/24",
                "secondary_ips": [],
                "type": "static"
              }
            },
            "mac": "4c9614025500",
            "managed": true,
            "map_id": null,
            "model": "VSRX3",
            "msp_id": null,
            "name": "cluster_one",
            "networks": null,
            "notes": null,
            "ntp_servers": null,
            "oob_ip_config": null,
            "org_id": "992bf4b9-c900-4850-9992-107b2f9df928",
            "path_preferences": {
              "HUB": {
                "paths": [
                  {
                    "cost": null,
                    "disabled": null,
                    "gateway_ip": null,
                    "internet_access": null,
                    "name": "FTTH",
                    "networks": [],
                    "target_ips": [],
                    "type": "wan",
                    "wan_name": null
                  }
                ],
                "strategy": "ordered"
              }
            },
            "port_config": {
              "ge-0/0/3": {
                "ae_disable_lacp": false,
                "ae_idx": null,
                "ae_lacp_force_up": false,
                "aggregated": false,
                "critical": false,
                "description": null,
                "disable_autoneg": false,
                "disabled": false,
                "dsl_type": "vdsl",
                "dsl_vci": 35,
                "dsl_vpi": 0,
                "duplex": "auto",
                "ip_config": {
                  "dns": null,
                  "dns_suffix": null,
                  "gateway": "192.168.1.1",
                  "ip": "192.168.1.8",
                  "netmask": "/24",
                  "network": null,
                  "poser_password": null,
                  "pppoe_auth": "none",
                  "pppoe_username": null,
                  "type": "static"
                },
                "lte_apn": null,
                "lte_auth": "none",
                "lte_backup": null,
                "lte_password": null,
                "lte_username": null,
                "mtu": null,
                "name": "FTTH",
                "networks": [],
                "outer_vlan_id": null,
                "poe_disabled": false,
                "port_network": null,
                "preserve_dscp": true,
                "redundant": false,
                "reth_idx": null,
                "reth_node": null,
                "reth_nodes": [],
                "speed": "auto",
                "ssr_no_virtual_mac": false,
                "svr_port_range": "none",
                "traffic_shaping": null,
                "usage": "wan",
                "vlan_id": null,
                "vpn_paths": null,
                "wan_arp_policer": "recommended",
                "wan_ext_ip": null,
                "wan_source_nat": {
                  "disabled": false,
                  "nat_pool": null
                },
                "wan_type": "broadband"
              },
              "ge-0/0/7,ge-5/0/7": {
                "ae_disable_lacp": false,
                "ae_idx": null,
                "ae_lacp_force_up": false,
                "aggregated": false,
                "critical": false,
                "description": null,
                "disable_autoneg": false,
                "disabled": false,
                "dsl_type": "vdsl",
                "dsl_vci": 35,
                "dsl_vpi": 0,
                "duplex": "auto",
                "ip_config": null,
                "lte_apn": null,
                "lte_auth": "none",
                "lte_backup": null,
                "lte_password": null,
                "lte_username": null,
                "mtu": null,
                "name": null,
                "networks": [
                  "CORE_VLAN410",
                  "RESTRICTED_VLAN420",
                  "AUTOMATION_VLAN460",
                  "UNTRUSTED_VLAN490",
                  "MANAGEMENT_VLAN430"
                ],
                "outer_vlan_id": null,
                "poe_disabled": false,
                "port_network": null,
                "preserve_dscp": true,
                "redundant": true,
                "reth_idx": 3,
                "reth_node": "node0",
                "reth_nodes": [],
                "speed": "auto",
                "ssr_no_virtual_mac": false,
                "svr_port_range": "none",
                "traffic_shaping": null,
                "usage": "lan",
                "vlan_id": null,
                "vpn_paths": null,
                "wan_arp_policer": "recommended",
                "wan_ext_ip": null,
                "wan_source_nat": null,
                "wan_type": "broadband"
              }
            },
            "port_mirroring": null,
            "router_id": null,
            "routing_policies": null,
            "serial": "1440DC8FDEDF",
            "service_policies": [
              {
                "action": "allow",
                "appqoe": null,
                "ewf": null,
                "idp": {
                  "alert_only": false,
                  "enabled": true,
                  "idpprofile_id": null,
                  "profile": "critical"
                },
                "local_routing": null,
                "name": "Policy-14",
                "path_preference": "HUB",
                "servicepolicy_id": null,
                "services": [
                  "any"
                ],
                "tenants": [
                  "MANAGEMENT_VLAN430"
                ]
              },
              {
                "action": "allow",
                "appqoe": null,
                "ewf": null,
                "idp": {
                  "alert_only": null,
                  "enabled": false,
                  "idpprofile_id": "fe70445c-1789-4e2a-a595-3393c2d1c30e",
                  "profile": "strict"
                },
                "local_routing": null,
                "name": "Policy-15",
                "path_preference": "HUB",
                "servicepolicy_id": null,
                "services": [
                  "any"
                ],
                "tenants": [
                  "MANAGEMENT_VLAN430"
                ]
              },
              {
                "action": null,
                "appqoe": null,
                "ewf": null,
                "idp": null,
                "local_routing": null,
                "name": "lan2",
                "path_preference": "HUB",
                "servicepolicy_id": "26940078-982d-4124-b759-9385b50f4287",
                "services": [],
                "tenants": []
              }
            ],
            "site_id": "d7c8364e-f2f4-48ca-907e-37eff0475b03",
            "tunnel_configs": {
              "default": {
                "auto_provision": null,
                "ike_lifetime": 28800,
                "ike_mode": "main",
                "ike_proposals": [
                  {
                    "auth_algo": "sha1",
                    "dh_group": "14",
                    "enc_algo": "3des"
                  }
                ],
                "ipsec_lifetime": 28800,
                "ipsec_proposals": [
                  {
                    "auth_algo": "sha1",
                    "dh_group": "14",
                    "enc_algo": "3des"
                  }
                ],
                "local_id": null,
                "mode": "active-active",
                "networks": [],
                "primary": null,
                "probe": null,
                "protocol": null,
                "provider": "custom-ipsec",
                "psk": null,
                "secondary": null,
                "version": "2"
              }
            },
            "tunnel_provider_options": null,
            "type": "gateway",
            "vars": null,
            "vrf_config": {
              "enabled": true
            },
            "vrf_instances": {
              "VRF_ONE": {
                "networks": [
                  "CORE_VLAN410",
                  "RESTRICTED_VLAN420"
                ]
              }
            },
            "x": null,
            "y": null
          },
          "sensitive_attributes": [
            [
              {
                "type": "get_attr",
                "value": "tunnel_configs"
              },
              {
                "type": "index",
                "value": {
                  "value": "default",
                  "type": "string"
                }
              },
              {
                "type": "get_attr",
                "value": "psk"
              }
            ],
            [
              {
                "type": "get_attr",
                "value": "port_config"
              },
              {
                "type": "index",
                "value": {
                  "value": "ge-0/0/3",
                  "type": "string"
                }
              },
              {
                "type": "get_attr",
                "value": "lte_password"
              }
            ],
            [
              {
                "type": "get_attr",
                "value": "port_config"
              },
              {
                "type": "index",
                "value": {
                  "value": "ge-0/0/3",
                  "type": "string"
                }
              },
              {
                "type": "get_attr",
                "value": "ip_config"
              },
              {
                "type": "get_attr",
                "value": "poser_password"
              }
            ],
            [
              {
                "type": "get_attr",
                "value": "port_config"
              },
              {
                "type": "index",
                "value": {
                  "value": "ge-0/0/7,ge-5/0/7",
                  "type": "string"
                }
              },
              {
                "type": "get_attr",
                "value": "lte_password"
              }
            ]
          ],
          "dependencies": [
            "mist_org.terraform_test",
            "mist_org_idpprofile.test1",
            "mist_org_inventory.inventory",
            "mist_org_servicepolicy.test1",
            "mist_site.terraform_site"
          ]
        }
      ]
    },
    {
      "mode": "managed",
      "type": "mist_device_gateway",
      "name": "hub_one",
      "provider": "provider[\"registry.terraform.io/juniper/mist\"]",
      "instances": [
        {
          "schema_version": 0,
          "attributes": {
            "additional_config_cmds": [
              "#",
              "###"
            ],
            "bgp_config": null,
            "device_id": "00000000-0000-0000-1000-4c9614e54f00",
            "dhcpd_config": {
              "config": {
                "mykey": {
                  "dns_servers": [],
                  "dns_suffix": [],
                  "fixed_bindings": null,
                  "gateway": null,
                  "ip_end": null,
                  "ip_end6": null,
                  "ip_start": null,
                  "ip_start6": null,
                  "lease_time": 86400,
                  "options": null,
                  "server_id_override": false,
                  "servers": [],
                  "servers6": [],
                  "type": "local",
                  "type6": "none",
                  "vendor_encapulated": null
                }
              },
              "enabled": true
            },
            "dns_servers": [
              "8.8.8.8"
            ],
            "dns_suffix": null,
            "extra_routes": null,
            "extra_routes6": null,
            "idp_profiles": null,
            "image1_url": "",
            "image2_url": "",
            "image3_url": "",
            "ip_configs": null,
            "mac": "4c9614e54f00",
            "managed": true,
            "map_id": null,
            "model": "VSRX3",
            "msp_id": null,
            "name": "hub_one",
            "networks": null,
            "notes": null,
            "ntp_servers": null,
            "oob_ip_config": {
              "gateway": null,
              "ip": null,
              "netmask": null,
              "node1": null,
              "type": "dhcp",
              "use_mgmt_vrf": false,
              "use_mgmt_vrf_for_host_out": false,
              "vlan_id": null
            },
            "org_id": "992bf4b9-c900-4850-9992-107b2f9df928",
            "path_preferences": null,
            "port_config": null,
            "port_mirroring": null,
            "router_id": null,
            "routing_policies": null,
            "serial": "23D32B733E1D",
            "service_policies": null,
            "site_id": "d7c8364e-f2f4-48ca-907e-37eff0475b03",
            "tunnel_configs": {
              "default": {
                "auto_provision": null,
                "ike_lifetime": 28811,
                "ike_mode": "main",
                "ike_proposals": [
                  {
                    "auth_algo": "sha2",
                    "dh_group": "19",
                    "enc_algo": "aes256"
                  }
                ],
                "ipsec_lifetime": 3600,
                "ipsec_proposals": [
                  {
                    "auth_algo": "sha2",
                    "dh_group": "19",
                    "enc_algo": "aes256"
                  }
                ],
                "local_id": "test-local-id",
                "mode": "active-standby",
                "networks": [],
                "primary": {
                  "hosts": [
                    "192.0.2.1"
                  ],
                  "internal_ips": null,
                  "probe_ips": null,
                  "remote_ids": [
                    "192.0.2.2"
                  ],
                  "wan_names": [
                    "WAN_0"
                  ]
                },
                "probe": null,
                "protocol": "ipsec",
                "provider": "custom-ipsec",
                "psk": "my-secret",
                "secondary": null,
                "version": "2"
              }
            },
            "tunnel_provider_options": null,
            "type": "gateway",
            "vars": null,
            "vrf_config": null,
            "vrf_instances": null,
            "x": null,
            "y": null
          },
          "sensitive_attributes": [
            [
              {
                "type": "get_attr",
                "value": "tunnel_configs"
              },
              {
                "type": "index",
                "value": {
                  "value": "default",
                  "type": "string"
                }
              },
              {
                "type": "get_attr",
                "value": "psk"
              }
            ]
          ],
          "dependencies": [
            "mist_org.terraform_test",
            "mist_org_inventory.inventory",
            "mist_site.terraform_site"
          ]
        }
      ]
    },
    {
      "mode": "managed",
      "type": "mist_device_switch",
      "name": "test_switch",
      "provider": "provider[\"registry.terraform.io/juniper/mist\"]",
      "instances": [
        {
          "schema_version": 0,
          "attributes": {
            "acl_policies": null,
            "acl_tags": null,
            "additional_config_cmds": [
              "set groups top system proxy password \"$9$VpsgajHmFnCq.pBIEeK4aZUDin6Ctu136eW\"",
              "",
              "annotate system \" -- custom-auth -- Template level --\"",
              "delete apply-groups custom-auth",
              "delete groups custom-auth",
              "set groups custom-auth",
              "set groups custom-auth  system login user tmunzer class super-user",
              "set groups custom-auth  system login user tmunzer authentication ssh-rsa \"ssh-rsa AAAAB3NzaC1yc2EAAAADAQABAAACAQCxk1CXmrc/wNlzuelQoBgEdnA3Mq8r05UhXgBUwqFdcbwkEmgYnciQWXYeFdA+UwR3SWX4VtyeenQi/S9pSOjvoZQ5OYBWNqak+AWjXXzX7sO8cf59TSDDN2lybdH6kWbvRKYzMbfpZvwluYwQX7ftN/D4/iS7288i5knaMVklhDJGdcuh6Xlve6PueZ5ov2twPzpplPVdWOCqgaCMhvVplG3oNTvBpeJ6BCXzhgJdkFNinFehPnvUR6MRwdjD/MvS1r+yrggHGQzJ57VEDsw2qH8wRaUUn0+Nd5hMYO4vamfintlm5hEAW9+my6HKNzBmd/TMeLctKUOg/q4Bc9TfYB51HEghHZ1i3ClJ6nE/1M6Ev9B+YwBJpeRaieWHbOHWrmMKM5rnYpX+uShPobvHKC8Z5HU5UkAtWvRyXVqbeeVv7xlGDTKnm0UQtzv9UDR/BN3VSnh8JKGLeiPDRZ0oDdgqK1ijxXBCFKb6FXAUiORUQLtI/7dmV4YxK4oS+ZRU/uxCCNDx6R90o08RFDFpWNBPY1yj332T/6JnA7nzlAYdQ1s1hzgzamZoEZuO/a+NObV9gQbJC13ZtZEWKXSLHPvEsORc5nb7hN76RNI7yKnAWNy5Zj2aaPlTGofbdr9M8+Tez4wldmYB/k86M4lENv5fZRx9A6VmfXFDoSI33w== tmunzer@stag.one\"",
              "set apply-groups custom-auth"
            ],
            "device_id": "00000000-0000-0000-1000-2c21311c37b0",
            "dhcp_snooping": null,
            "dhcpd_config": {
              "config": {
                "prx": {
                  "dns_servers": [
                    "1.2.3.4"
                  ],
                  "dns_suffix": [],
                  "fixed_bindings": null,
                  "gateway": "10.3.18.1",
                  "ip_end": "10.3.18.20",
                  "ip_end6": null,
                  "ip_start": "10.3.18.10",
                  "ip_start6": null,
                  "lease_time": 86400,
                  "options": null,
                  "server_id_override": false,
                  "servers": [],
                  "servers6": [],
                  "type": "server",
                  "type6": "none",
                  "vendor_encapulated": null
                }
              },
              "enabled": true
            },
            "disable_auto_config": false,
            "dns_servers": null,
            "dns_suffix": null,
            "evpn_config": null,
            "extra_routes": null,
            "extra_routes6": null,
            "image1_url": "",
            "image2_url": "",
            "image3_url": "",
            "ip_config": {
              "dns": [
                "1.2.3.4"
              ],
              "dns_suffix": [],
              "gateway": "10.3.18.11",
              "ip": "10.3.18.99",
              "netmask": "255.255.255.0",
              "network": "prx",
              "type": "static"
            },
            "mac": "2c21311c37b0",
            "managed": true,
            "map_id": null,
            "mist_nac": {
              "enabled": true,
              "network": null
            },
            "model": "EX2300-C-12P",
            "name": "demo-ex",
            "networks": {
              "prx": {
                "isolation": false,
                "isolation_vlan_id": null,
                "subnet": null,
                "vlan_id": "18"
              }
            },
            "notes": null,
            "ntp_servers": null,
            "oob_ip_config": {
              "gateway": "2.2.2.1",
              "ip": "2.2.2.2",
              "netmask": "/24",
              "network": null,
              "type": "static",
              "use_mgmt_vrf": true,
              "use_mgmt_vrf_for_host_out": true
            },
            "org_id": "992bf4b9-c900-4850-9992-107b2f9df928",
            "ospf_areas": {
              "0": {
                "include_loopback": false,
                "networks": {
                  "prx": {
                    "auth_keys": {},
                    "auth_password": "hpihpi",
                    "auth_type": "password",
                    "bfd_minimum_interval": 1,
                    "dead_interval": 40,
                    "export_policy": null,
                    "hello_interval": 10,
                    "import_policy": null,
                    "interface_type": "p2p",
                    "metric": 1,
                    "no_readvertise_to_overlay": false,
                    "passive": false
                  }
                },
                "type": "default"
              }
            },
            "other_ip_configs": null,
            "port_config": {
              "ge-0/0/0": {
                "ae_disable_lacp": null,
                "ae_idx": null,
                "ae_lacp_slow": true,
                "aggregated": false,
                "critical": false,
                "description": "",
                "disable_autoneg": false,
                "duplex": "auto",
                "dynamic_usage": null,
                "esilag": null,
                "mtu": 1514,
                "no_local_overwrite": true,
                "poe_disabled": false,
                "speed": "auto",
                "usage": "prx"
              },
              "ge-0/0/10": {
                "ae_disable_lacp": null,
                "ae_idx": null,
                "ae_lacp_slow": true,
                "aggregated": false,
                "critical": null,
                "description": null,
                "disable_autoneg": false,
                "duplex": "auto",
                "dynamic_usage": null,
                "esilag": null,
                "mtu": 1514,
                "no_local_overwrite": false,
                "poe_disabled": false,
                "speed": "100m",
                "usage": "autogenerated_ge-0_0_10"
              },
              "ge-0/0/11": {
                "ae_disable_lacp": null,
                "ae_idx": null,
                "ae_lacp_slow": true,
                "aggregated": false,
                "critical": false,
                "description": "",
                "disable_autoneg": false,
                "duplex": "auto",
                "dynamic_usage": null,
                "esilag": null,
                "mtu": 1514,
                "no_local_overwrite": false,
                "poe_disabled": false,
                "speed": "auto",
                "usage": "default"
              }
            },
            "port_mirroring": {
              "test": {
                "input_networks_ingress": [],
                "input_port_ids_egress": [
                  "ge-0/0/3"
                ],
                "input_port_ids_ingress": [
                  "ge-0/0/3"
                ],
                "output_network": null,
                "output_port_id": "ge-0/0/10"
              },
              "test2": {
                "input_networks_ingress": [
                  "default"
                ],
                "input_port_ids_egress": [],
                "input_port_ids_ingress": [],
                "output_network": "prx",
                "output_port_id": null
              },
              "test3": {
                "input_networks_ingress": [
                  "default"
                ],
                "input_port_ids_egress": [],
                "input_port_ids_ingress": [],
                "output_network": null,
                "output_port_id": "ge-0/0/10"
              }
            },
            "port_usages": {
              "autogenerated_ge-0_0_10": {
                "all_networks": false,
                "allow_dhcpd": null,
                "allow_multiple_supplicants": false,
                "bypass_auth_when_server_down": false,
                "bypass_auth_when_server_down_for_unkonwn_client": false,
                "description": null,
                "disable_autoneg": false,
                "disabled": false,
                "duplex": "auto",
                "dynamic_vlan_networks": [],
                "enable_mac_auth": false,
                "enable_qos": false,
                "guest_network": null,
                "inter_switch_link": false,
                "mac_auth_only": null,
                "mac_auth_preferred": null,
                "mac_auth_protocol": "eap-md5",
                "mac_limit": 0,
                "mode": "trunk",
                "mtu": null,
                "networks": [
                  "default",
                  "prx"
                ],
                "persist_mac": false,
                "poe_disabled": false,
                "port_auth": null,
                "port_network": "prx",
                "reauth_interval": 3600,
                "reset_default_when": "link_down",
                "rules": null,
                "server_fail_network": null,
                "server_reject_network": null,
                "speed": "auto",
                "storm_control": null,
                "stp_edge": false,
                "stp_no_root_port": false,
                "stp_p2p": false,
                "voip_network": null
              },
              "autogenerated_ge-0_0_11": {
                "all_networks": false,
                "allow_dhcpd": null,
                "allow_multiple_supplicants": false,
                "bypass_auth_when_server_down": false,
                "bypass_auth_when_server_down_for_unkonwn_client": false,
                "description": null,
                "disable_autoneg": false,
                "disabled": false,
                "duplex": "auto",
                "dynamic_vlan_networks": [],
                "enable_mac_auth": false,
                "enable_qos": false,
                "guest_network": null,
                "inter_switch_link": false,
                "mac_auth_only": null,
                "mac_auth_preferred": null,
                "mac_auth_protocol": "eap-md5",
                "mac_limit": 0,
                "mode": "trunk",
                "mtu": null,
                "networks": [
                  "default",
                  "prx"
                ],
                "persist_mac": false,
                "poe_disabled": false,
                "port_auth": null,
                "port_network": "prx",
                "reauth_interval": 3600,
                "reset_default_when": "link_down",
                "rules": null,
                "server_fail_network": null,
                "server_reject_network": null,
                "speed": "auto",
                "storm_control": null,
                "stp_edge": false,
                "stp_no_root_port": false,
                "stp_p2p": false,
                "voip_network": null
              },
              "prx": {
                "all_networks": false,
                "allow_dhcpd": null,
                "allow_multiple_supplicants": false,
                "bypass_auth_when_server_down": false,
                "bypass_auth_when_server_down_for_unkonwn_client": false,
                "description": "",
                "disable_autoneg": false,
                "disabled": false,
                "duplex": "auto",
                "dynamic_vlan_networks": [],
                "enable_mac_auth": false,
                "enable_qos": false,
                "guest_network": null,
                "inter_switch_link": false,
                "mac_auth_only": null,
                "mac_auth_preferred": null,
                "mac_auth_protocol": "eap-md5",
                "mac_limit": 0,
                "mode": "trunk",
                "mtu": null,
                "networks": [
                  "default",
                  "prx"
                ],
                "persist_mac": false,
                "poe_disabled": false,
                "port_auth": null,
                "port_network": "default",
                "reauth_interval": 3600,
                "reset_default_when": "link_down",
                "rules": null,
                "server_fail_network": null,
                "server_reject_network": null,
                "speed": "auto",
                "storm_control": {
                  "no_broadcast": false,
                  "no_multicast": false,
                  "no_registered_multicast": false,
                  "no_unknown_unicast": false,
                  "percentage": 80
                },
                "stp_edge": false,
                "stp_no_root_port": false,
                "stp_p2p": false,
                "voip_network": null
              }
            },
            "radius_config": null,
            "remote_syslog": null,
            "role": "test",
            "router_id": "1.2.3.4",
            "serial": "HV0216410081",
            "site_id": "d7c8364e-f2f4-48ca-907e-37eff0475b03",
            "snmp_config": null,
            "stp_config": null,
            "switch_mgmt": null,
            "type": "switch",
            "use_router_id_as_source_ip": false,
            "vars": null,
            "virtual_chassis": null,
            "vrf_config": {
              "enabled": true
            },
            "vrf_instances": {
              "fds": {
                "networks": [
                  "prx"
                ],
                "vrf_extra_routes": null
              }
            },
            "vrrp_config": null,
            "x": null,
            "y": null
          },
          "sensitive_attributes": [],
          "dependencies": [
            "mist_org.terraform_test",
            "mist_org_inventory.inventory",
            "mist_site.terraform_site"
          ]
        }
      ]
    },
    {
      "mode": "managed",
      "type": "mist_org",
      "name": "terraform_test",
      "provider": "provider[\"registry.terraform.io/juniper/mist\"]",
      "instances": [
        {
          "schema_version": 0,
          "attributes": {
            "alarmtemplate_id": null,
            "allow_mist": true,
            "id": "992bf4b9-c900-4850-9992-107b2f9df928",
            "msp_id": null,
            "msp_logo_url": null,
            "msp_name": null,
            "name": "Terraform Testing",
            "orggroup_ids": [],
            "session_expiry": 1440
          },
          "sensitive_attributes": []
        }
      ]
    },
    {
      "mode": "managed",
      "type": "mist_org_deviceprofile_gateway",
      "name": "hub_one",
      "provider": "provider[\"registry.terraform.io/juniper/mist\"]",
      "instances": [
        {
          "schema_version": 0,
          "attributes": {
            "additional_config_cmds": null,
            "bgp_config": null,
            "created_time": null,
            "dhcpd_config": {
              "config": null,
              "enabled": false
            },
            "dns_override": false,
            "dns_servers": null,
            "dns_suffix": null,
            "extra_routes": null,
            "extra_routes6": null,
            "id": "fa034136-1d02-43b5-87e7-0c1244619b45",
            "idp_profiles": null,
            "ip_configs": {
              "PRD-Core": {
                "ip": "10.3.100.9",
                "netmask": "/24",
                "secondary_ips": [],
                "type": "static"
              },
              "PRD-Lab": {
                "ip": "10.3.171.1",
                "netmask": "/24",
                "secondary_ips": [],
                "type": "static"
              },
              "PRD-Mgmt": {
                "ip": "10.3.172.1",
                "netmask": "/24",
                "secondary_ips": [],
                "type": "static"
              }
            },
            "modified_time": null,
            "name": "hubp_one2",
            "networks": null,
            "ntp_override": false,
            "ntp_servers": null,
            "oob_ip_config": null,
            "org_id": "992bf4b9-c900-4850-9992-107b2f9df928",
            "path_preferences": {
              "HUB": {
                "paths": [
                  {
                    "cost": null,
                    "disabled": null,
                    "gateway_ip": null,
                    "internet_access": null,
                    "name": "SSR_HUB_DC-MPLS.OrgOverlay",
                    "networks": [],
                    "target_ips": [],
                    "type": "vpn",
                    "wan_name": null
                  }
                ],
                "strategy": "ordered"
              },
              "HUB-ECMP": {
                "paths": [
                  {
                    "cost": 30,
                    "disabled": null,
                    "gateway_ip": null,
                    "internet_access": null,
                    "name": "SSR_HUB_DC-MPLS.OrgOverlay",
                    "networks": [],
                    "target_ips": [],
                    "type": "vpn",
                    "wan_name": "LTE"
                  },
                  {
                    "cost": 30,
                    "disabled": null,
                    "gateway_ip": null,
                    "internet_access": null,
                    "name": "SSR_HUB_DC-MPLS.OrgOverlay",
                    "networks": [],
                    "target_ips": [],
                    "type": "vpn",
                    "wan_name": "FTTH"
                  }
                ],
                "strategy": "weighted"
              },
              "HUB-ORDERED": {
                "paths": [
                  {
                    "cost": null,
                    "disabled": null,
                    "gateway_ip": null,
                    "internet_access": null,
                    "name": "SSR_HUB_DC-MPLS.OrgOverlay",
                    "networks": [],
                    "target_ips": [],
                    "type": "vpn",
                    "wan_name": "FTTH"
                  },
                  {
                    "cost": null,
                    "disabled": null,
                    "gateway_ip": null,
                    "internet_access": null,
                    "name": "SSR_HUB_DC-MPLS.OrgOverlay",
                    "networks": [],
                    "target_ips": [],
                    "type": "vpn",
                    "wan_name": "LTE"
                  }
                ],
                "strategy": "ordered"
              }
            },
            "port_config": {
              "ge-0/0/3": {
                "ae_disable_lacp": false,
                "ae_idx": null,
                "ae_lacp_force_up": false,
                "aggregated": false,
                "critical": false,
                "description": null,
                "disable_autoneg": false,
                "disabled": false,
                "dsl_type": "vdsl",
                "dsl_vci": 35,
                "dsl_vpi": 0,
                "duplex": "auto",
                "ip_config": {
                  "dns": null,
                  "dns_suffix": null,
                  "gateway": "192.168.1.1",
                  "ip": "192.168.1.8",
                  "netmask": "/24",
                  "network": null,
                  "poser_password": null,
                  "pppoe_auth": "none",
                  "pppoe_username": null,
                  "type": "static"
                },
                "lte_apn": null,
                "lte_auth": "none",
                "lte_backup": null,
                "lte_password": null,
                "lte_username": null,
                "mtu": null,
                "name": "FTTH",
                "networks": [],
                "outer_vlan_id": null,
                "poe_disabled": false,
                "port_network": null,
                "preserve_dscp": true,
                "redundant": false,
                "reth_idx": null,
                "reth_node": null,
                "reth_nodes": [],
                "speed": "auto",
                "ssr_no_virtual_mac": false,
                "svr_port_range": "none",
                "traffic_shaping": null,
                "usage": "wan",
                "vlan_id": null,
                "vpn_paths": {
                  "SSR_HUB_DC-MPLS.OrgOverlay": {
                    "bfd_profile": "broadband",
                    "bfd_use_tunnel_mode": false,
                    "preference": null,
                    "role": "spoke",
                    "traffic_shaping": null
                  }
                },
                "wan_arp_policer": "recommended",
                "wan_ext_ip": null,
                "wan_source_nat": {
                  "disabled": false,
                  "nat_pool": null
                },
                "wan_type": "broadband"
              },
              "ge-0/0/4": {
                "ae_disable_lacp": false,
                "ae_idx": null,
                "ae_lacp_force_up": false,
                "aggregated": false,
                "critical": false,
                "description": null,
                "disable_autoneg": false,
                "disabled": false,
                "dsl_type": "vdsl",
                "dsl_vci": 35,
                "dsl_vpi": 0,
                "duplex": "auto",
                "ip_config": {
                  "dns": null,
                  "dns_suffix": null,
                  "gateway": null,
                  "ip": null,
                  "netmask": null,
                  "network": null,
                  "poser_password": null,
                  "pppoe_auth": "none",
                  "pppoe_username": null,
                  "type": "dhcp"
                },
                "lte_apn": null,
                "lte_auth": "none",
                "lte_backup": null,
                "lte_password": null,
                "lte_username": null,
                "mtu": null,
                "name": "LTE",
                "networks": [],
                "outer_vlan_id": null,
                "poe_disabled": false,
                "port_network": null,
                "preserve_dscp": true,
                "redundant": false,
                "reth_idx": null,
                "reth_node": null,
                "reth_nodes": [],
                "speed": "auto",
                "ssr_no_virtual_mac": false,
                "svr_port_range": "none",
                "traffic_shaping": null,
                "usage": "wan",
                "vlan_id": null,
                "vpn_paths": {
                  "SSR_HUB_DC-MPLS.OrgOverlay": {
                    "bfd_profile": "broadband",
                    "bfd_use_tunnel_mode": false,
                    "preference": null,
                    "role": "spoke",
                    "traffic_shaping": null
                  }
                },
                "wan_arp_policer": "recommended",
                "wan_ext_ip": null,
                "wan_source_nat": {
                  "disabled": false,
                  "nat_pool": null
                },
                "wan_type": "broadband"
              },
              "ge-0/0/5": {
                "ae_disable_lacp": false,
                "ae_idx": "0",
                "ae_lacp_force_up": true,
                "aggregated": true,
                "critical": false,
                "description": null,
                "disable_autoneg": false,
                "disabled": false,
                "dsl_type": "vdsl",
                "dsl_vci": 35,
                "dsl_vpi": 0,
                "duplex": "auto",
                "ip_config": null,
                "lte_apn": null,
                "lte_auth": "none",
                "lte_backup": null,
                "lte_password": null,
                "lte_username": null,
                "mtu": null,
                "name": null,
                "networks": [
                  "PRD-Core"
                ],
                "outer_vlan_id": null,
                "poe_disabled": false,
                "port_network": null,
                "preserve_dscp": true,
                "redundant": false,
                "reth_idx": null,
                "reth_node": null,
                "reth_nodes": [],
                "speed": "auto",
                "ssr_no_virtual_mac": false,
                "svr_port_range": "none",
                "traffic_shaping": null,
                "usage": "lan",
                "vlan_id": null,
                "vpn_paths": null,
                "wan_arp_policer": "recommended",
                "wan_ext_ip": null,
                "wan_source_nat": null,
                "wan_type": "broadband"
              },
              "ge-0/0/6": {
                "ae_disable_lacp": false,
                "ae_idx": null,
                "ae_lacp_force_up": false,
                "aggregated": false,
                "critical": false,
                "description": null,
                "disable_autoneg": false,
                "disabled": false,
                "dsl_type": "vdsl",
                "dsl_vci": 35,
                "dsl_vpi": 0,
                "duplex": "auto",
                "ip_config": null,
                "lte_apn": null,
                "lte_auth": "none",
                "lte_backup": null,
                "lte_password": null,
                "lte_username": null,
                "mtu": null,
                "name": null,
                "networks": [
                  "PRD-Lab"
                ],
                "outer_vlan_id": null,
                "poe_disabled": false,
                "port_network": null,
                "preserve_dscp": true,
                "redundant": false,
                "reth_idx": null,
                "reth_node": null,
                "reth_nodes": [],
                "speed": "auto",
                "ssr_no_virtual_mac": false,
                "svr_port_range": "none",
                "traffic_shaping": null,
                "usage": "lan",
                "vlan_id": null,
                "vpn_paths": null,
                "wan_arp_policer": "recommended",
                "wan_ext_ip": null,
                "wan_source_nat": null,
                "wan_type": "broadband"
              },
              "ge-0/0/7": {
                "ae_disable_lacp": false,
                "ae_idx": null,
                "ae_lacp_force_up": false,
                "aggregated": false,
                "critical": false,
                "description": null,
                "disable_autoneg": false,
                "disabled": false,
                "dsl_type": "vdsl",
                "dsl_vci": 35,
                "dsl_vpi": 0,
                "duplex": "auto",
                "ip_config": null,
                "lte_apn": null,
                "lte_auth": "none",
                "lte_backup": null,
                "lte_password": null,
                "lte_username": null,
                "mtu": null,
                "name": null,
                "networks": [
                  "PRD-Mgmt"
                ],
                "outer_vlan_id": null,
                "poe_disabled": false,
                "port_network": null,
                "preserve_dscp": true,
                "redundant": false,
                "reth_idx": null,
                "reth_node": null,
                "reth_nodes": [],
                "speed": "auto",
                "ssr_no_virtual_mac": false,
                "svr_port_range": "none",
                "traffic_shaping": null,
                "usage": "lan",
                "vlan_id": null,
                "vpn_paths": null,
                "wan_arp_policer": "recommended",
                "wan_ext_ip": null,
                "wan_source_nat": null,
                "wan_type": "broadband"
              }
            },
            "router_id": null,
            "routing_policies": null,
            "service_policies": [
              {
                "action": "allow",
                "appqoe": null,
                "ewf": null,
                "idp": {
                  "alert_only": false,
                  "enabled": true,
                  "idpprofile_id": null,
                  "profile": "critical"
                },
                "local_routing": null,
                "name": "Policy-14",
                "path_preference": "HUB",
                "servicepolicy_id": null,
                "services": [
                  "any"
                ],
                "tenants": [
                  "PRD-Core"
                ]
              },
              {
                "action": "allow",
                "appqoe": null,
                "ewf": null,
                "idp": {
                  "alert_only": true,
                  "enabled": true,
                  "idpprofile_id": null,
                  "profile": "standard"
                },
                "local_routing": null,
                "name": "Policy-2",
                "path_preference": "HUB-ECMP",
                "servicepolicy_id": null,
                "services": [
                  "any"
                ],
                "tenants": [
                  "PRD-Mgmt"
                ]
              },
              {
                "action": "allow",
                "appqoe": null,
                "ewf": null,
                "idp": {
                  "alert_only": null,
                  "enabled": false,
                  "idpprofile_id": null,
                  "profile": "strict"
                },
                "local_routing": null,
                "name": "Policy-3",
                "path_preference": "HUB-ORDERED",
                "servicepolicy_id": null,
                "services": [
                  "any"
                ],
                "tenants": [
                  "PRD-Lab"
                ]
              }
            ],
            "tunnel_configs": null,
            "tunnel_provider_options": null,
            "type": "gateway",
            "vrf_config": null,
            "vrf_instances": null
          },
          "sensitive_attributes": [
            [
              {
                "type": "get_attr",
                "value": "port_config"
              },
              {
                "type": "index",
                "value": {
                  "value": "ge-0/0/3",
                  "type": "string"
                }
              },
              {
                "type": "get_attr",
                "value": "lte_password"
              }
            ],
            [
              {
                "type": "get_attr",
                "value": "port_config"
              },
              {
                "type": "index",
                "value": {
                  "value": "ge-0/0/3",
                  "type": "string"
                }
              },
              {
                "type": "get_attr",
                "value": "ip_config"
              },
              {
                "type": "get_attr",
                "value": "poser_password"
              }
            ],
            [
              {
                "type": "get_attr",
                "value": "port_config"
              },
              {
                "type": "index",
                "value": {
                  "value": "ge-0/0/4",
                  "type": "string"
                }
              },
              {
                "type": "get_attr",
                "value": "lte_password"
              }
            ],
            [
              {
                "type": "get_attr",
                "value": "port_config"
              },
              {
                "type": "index",
                "value": {
                  "value": "ge-0/0/4",
                  "type": "string"
                }
              },
              {
                "type": "get_attr",
                "value": "ip_config"
              },
              {
                "type": "get_attr",
                "value": "poser_password"
              }
            ],
            [
              {
                "type": "get_attr",
                "value": "port_config"
              },
              {
                "type": "index",
                "value": {
                  "value": "ge-0/0/5",
                  "type": "string"
                }
              },
              {
                "type": "get_attr",
                "value": "lte_password"
              }
            ],
            [
              {
                "type": "get_attr",
                "value": "port_config"
              },
              {
                "type": "index",
                "value": {
                  "value": "ge-0/0/6",
                  "type": "string"
                }
              },
              {
                "type": "get_attr",
                "value": "lte_password"
              }
            ],
            [
              {
                "type": "get_attr",
                "value": "port_config"
              },
              {
                "type": "index",
                "value": {
                  "value": "ge-0/0/7",
                  "type": "string"
                }
              },
              {
                "type": "get_attr",
                "value": "lte_password"
              }
            ]
          ],
          "dependencies": [
            "mist_org.terraform_test"
          ]
        }
      ]
    },
    {
      "mode": "managed",
      "type": "mist_org_gatewaytemplate",
      "name": "gatewaytemplate_one",
      "provider": "provider[\"registry.terraform.io/juniper/mist\"]",
      "instances": [
        {
          "schema_version": 0,
          "attributes": {
            "additional_config_cmds": [
              "hello world"
            ],
            "bgp_config": {
              "test": {
                "auth_key": "secret",
                "bfd_minimum_interval": 4,
                "bfd_multiplier": 3,
                "communities": [
                  {
                    "id": "1234",
                    "local_preference": 23,
                    "vpn_name": null
                  }
                ],
                "disable_bfd": false,
                "export": null,
                "export_policy": null,
                "extended_v4_nexthop": null,
                "graceful_restart_time": 0,
                "hold_time": 90,
                "import": null,
                "import_policy": null,
                "local_as": null,
                "neighbor_as": null,
                "neighbors": null,
                "networks": [],
                "no_readvertise_to_overlay": false,
                "tunnel_name": null,
                "type": null,
                "via": "lan",
                "vpn_name": null,
                "wan_name": null
              }
            },
            "dhcpd_config": {
              "config": {
                "CORE_VLAN410": {
                  "dns_servers": [
                    "8.8.8.8"
                  ],
                  "dns_suffix": [
                    "mycorp.local"
                  ],
                  "fixed_bindings": {
                    "deadbeefdead": {
                      "ip": "10.4.171.11",
                      "name": "c0ffee"
                    }
                  },
                  "gateway": "10.4.171.1",
                  "ip_end": "10.4.171.100",
                  "ip_end6": null,
                  "ip_start": "10.4.171.10",
                  "ip_start6": null,
                  "lease_time": 5463,
                  "options": {
                    "42": {
                      "type": "string",
                      "value": "2.2.2.2"
                    }
                  },
                  "server_id_override": false,
                  "servers": [],
                  "servers6": [],
                  "type": "local",
                  "type6": "none",
                  "vendor_encapulated": null
                },
                "RESTRICTED_VLAN420": {
                  "dns_servers": [],
                  "dns_suffix": [],
                  "fixed_bindings": null,
                  "gateway": null,
                  "ip_end": null,
                  "ip_end6": null,
                  "ip_start": null,
                  "ip_start6": null,
                  "lease_time": 86400,
                  "options": null,
                  "server_id_override": false,
                  "servers": [
                    "1.2.3.4"
                  ],
                  "servers6": [],
                  "type": "relay",
                  "type6": "none",
                  "vendor_encapulated": null
                },
                "test": {
                  "dns_servers": [],
                  "dns_suffix": [],
                  "fixed_bindings": null,
                  "gateway": null,
                  "ip_end": null,
                  "ip_end6": null,
                  "ip_start": null,
                  "ip_start6": null,
                  "lease_time": 86400,
                  "options": null,
                  "server_id_override": false,
                  "servers": [],
                  "servers6": [],
                  "type": "local",
                  "type6": "none",
                  "vendor_encapulated": null
                }
              },
              "enabled": true
            },
            "dns_override": false,
            "dns_servers": null,
            "dns_suffix": null,
            "extra_routes": null,
            "extra_routes6": null,
            "id": "c2dd46e8-cd1f-4d78-96f7-a75d8446271f",
            "idp_profiles": null,
            "ip_configs": {
              "AUTOMATION_VLAN460": {
                "ip": "10.6.171.1",
                "netmask": "/24",
                "secondary_ips": [],
                "type": "static"
              },
              "CORE_VLAN410": {
                "ip": "10.4.171.1",
                "netmask": "/24",
                "secondary_ips": [],
                "type": "static"
              },
              "MANAGEMENT_VLAN430": {
                "ip": "10.8.171.1",
                "netmask": "/24",
                "secondary_ips": [],
                "type": "static"
              },
              "RESTRICTED_VLAN420": {
                "ip": "10.5.171.1",
                "netmask": "/24",
                "secondary_ips": [],
                "type": "static"
              },
              "UNTRUSTED_VLAN490": {
                "ip": "10.7.171.1",
                "netmask": "/24",
                "secondary_ips": [],
                "type": "static"
              }
            },
            "name": "gatewaytemplate_one",
            "networks": null,
            "ntp_override": false,
            "ntp_servers": null,
            "oob_ip_config": null,
            "org_id": "992bf4b9-c900-4850-9992-107b2f9df928",
            "path_preferences": {
              "HUB": {
                "paths": [
                  {
                    "cost": null,
                    "disabled": null,
                    "gateway_ip": null,
                    "internet_access": null,
                    "name": "FTTH",
                    "networks": [],
                    "target_ips": [],
                    "type": "wan",
                    "wan_name": null
                  }
                ],
                "strategy": "ordered"
              }
            },
            "port_config": {
              "ge-0/0/3": {
                "ae_disable_lacp": false,
                "ae_idx": null,
                "ae_lacp_force_up": false,
                "aggregated": false,
                "critical": false,
                "description": null,
                "disable_autoneg": false,
                "disabled": false,
                "dsl_type": "vdsl",
                "dsl_vci": 35,
                "dsl_vpi": 0,
                "duplex": "auto",
                "ip_config": {
                  "dns": null,
                  "dns_suffix": null,
                  "gateway": "192.168.1.1",
                  "ip": "192.168.1.8",
                  "netmask": "/24",
                  "network": null,
                  "poser_password": null,
                  "pppoe_auth": "none",
                  "pppoe_username": null,
                  "type": "static"
                },
                "lte_apn": null,
                "lte_auth": "none",
                "lte_backup": null,
                "lte_password": null,
                "lte_username": null,
                "mtu": null,
                "name": "FTTH",
                "networks": [],
                "outer_vlan_id": null,
                "poe_disabled": false,
                "port_network": null,
                "preserve_dscp": true,
                "redundant": false,
                "reth_idx": null,
                "reth_node": null,
                "reth_nodes": [],
                "speed": "auto",
                "ssr_no_virtual_mac": false,
                "svr_port_range": "none",
                "traffic_shaping": null,
                "usage": "wan",
                "vlan_id": null,
                "vpn_paths": null,
                "wan_arp_policer": "recommended",
                "wan_ext_ip": null,
                "wan_source_nat": {
                  "disabled": false,
                  "nat_pool": null
                },
                "wan_type": "broadband"
              },
              "ge-0/0/7,ge-5/0/7": {
                "ae_disable_lacp": false,
                "ae_idx": null,
                "ae_lacp_force_up": false,
                "aggregated": false,
                "critical": false,
                "description": null,
                "disable_autoneg": false,
                "disabled": false,
                "dsl_type": "vdsl",
                "dsl_vci": 35,
                "dsl_vpi": 0,
                "duplex": "auto",
                "ip_config": null,
                "lte_apn": null,
                "lte_auth": "none",
                "lte_backup": null,
                "lte_password": null,
                "lte_username": null,
                "mtu": null,
                "name": null,
                "networks": [
                  "CORE_VLAN410",
                  "RESTRICTED_VLAN420",
                  "AUTOMATION_VLAN460",
                  "UNTRUSTED_VLAN490",
                  "MANAGEMENT_VLAN430"
                ],
                "outer_vlan_id": null,
                "poe_disabled": false,
                "port_network": null,
                "preserve_dscp": true,
                "redundant": true,
                "reth_idx": 3,
                "reth_node": "node0",
                "reth_nodes": [],
                "speed": "auto",
                "ssr_no_virtual_mac": false,
                "svr_port_range": "none",
                "traffic_shaping": null,
                "usage": "lan",
                "vlan_id": null,
                "vpn_paths": null,
                "wan_arp_policer": "recommended",
                "wan_ext_ip": null,
                "wan_source_nat": null,
                "wan_type": "broadband"
              }
            },
            "router_id": null,
            "routing_policies": null,
            "service_policies": [
              {
                "action": "allow",
                "appqoe": null,
                "ewf": null,
                "idp": {
                  "alert_only": false,
                  "enabled": true,
                  "idpprofile_id": null,
                  "profile": "critical"
                },
                "local_routing": null,
                "name": "Policy-14",
                "path_preference": "HUB",
                "servicepolicy_id": null,
                "services": [
                  "any"
                ],
                "tenants": [
                  "MANAGEMENT_VLAN430"
                ]
              },
              {
                "action": "allow",
                "appqoe": null,
                "ewf": null,
                "idp": {
                  "alert_only": null,
                  "enabled": false,
                  "idpprofile_id": "fe70445c-1789-4e2a-a595-3393c2d1c30e",
                  "profile": "strict"
                },
                "local_routing": null,
                "name": "Policy-15",
                "path_preference": "HUB",
                "servicepolicy_id": null,
                "services": [
                  "any"
                ],
                "tenants": [
                  "MANAGEMENT_VLAN430"
                ]
              },
              {
                "action": null,
                "appqoe": null,
                "ewf": null,
                "idp": null,
                "local_routing": null,
                "name": "lan2",
                "path_preference": "HUB",
                "servicepolicy_id": "26940078-982d-4124-b759-9385b50f4287",
                "services": [],
                "tenants": []
              }
            ],
            "tunnel_configs": {
              "default": {
                "auto_provision": null,
                "ike_lifetime": 28800,
                "ike_mode": "main",
                "ike_proposals": [
                  {
                    "auth_algo": "sha1",
                    "dh_group": "14",
                    "enc_algo": "3des"
                  }
                ],
                "ipsec_lifetime": 28800,
                "ipsec_proposals": [
                  {
                    "auth_algo": "sha1",
                    "dh_group": "14",
                    "enc_algo": "3des"
                  }
                ],
                "local_id": null,
                "mode": "active-active",
                "networks": [],
                "primary": null,
                "probe": null,
                "protocol": null,
                "provider": "custom-ipsec",
                "psk": null,
                "secondary": null,
                "version": "2"
              }
            },
            "tunnel_provider_options": null,
            "type": "spoke",
            "vrf_config": {
              "enabled": true
            },
            "vrf_instances": {
              "VRF_ONE": {
                "networks": [
                  "CORE_VLAN410",
                  "RESTRICTED_VLAN420"
                ]
              }
            }
          },
          "sensitive_attributes": [
            [
              {
                "type": "get_attr",
                "value": "tunnel_configs"
              },
              {
                "type": "index",
                "value": {
                  "value": "default",
                  "type": "string"
                }
              },
              {
                "type": "get_attr",
                "value": "psk"
              }
            ],
            [
              {
                "type": "get_attr",
                "value": "port_config"
              },
              {
                "type": "index",
                "value": {
                  "value": "ge-0/0/3",
                  "type": "string"
                }
              },
              {
                "type": "get_attr",
                "value": "ip_config"
              },
              {
                "type": "get_attr",
                "value": "poser_password"
              }
            ],
            [
              {
                "type": "get_attr",
                "value": "port_config"
              },
              {
                "type": "index",
                "value": {
                  "value": "ge-0/0/3",
                  "type": "string"
                }
              },
              {
                "type": "get_attr",
                "value": "lte_password"
              }
            ],
            [
              {
                "type": "get_attr",
                "value": "port_config"
              },
              {
                "type": "index",
                "value": {
                  "value": "ge-0/0/7,ge-5/0/7",
                  "type": "string"
                }
              },
              {
                "type": "get_attr",
                "value": "lte_password"
              }
            ]
          ],
          "dependencies": [
            "mist_org.terraform_test",
            "mist_org_idpprofile.test1",
            "mist_org_servicepolicy.test1"
          ]
        }
      ]
    },
    {
      "mode": "managed",
      "type": "mist_org_idpprofile",
      "name": "test1",
      "provider": "provider[\"registry.terraform.io/juniper/mist\"]",
      "instances": [
        {
          "schema_version": 0,
          "attributes": {
            "base_profile": "standard",
            "id": "fe70445c-1789-4e2a-a595-3393c2d1c30e",
            "name": "custom-standard",
            "org_id": "992bf4b9-c900-4850-9992-107b2f9df928",
            "overwrites": [
              {
                "action": "drop",
                "matching": {
                  "attack_name": [
                    "SSL:OVERFLOW:KEY-ARG-NO-ENTROPY"
                  ],
                  "dst_subnet": [],
                  "severity": []
                },
                "name": "r1"
              },
              {
                "action": "alert",
                "matching": {
                  "attack_name": [
                    "UDP:ZERO-DATA"
                  ],
                  "dst_subnet": [],
                  "severity": []
                },
                "name": "r2"
              }
            ]
          },
          "sensitive_attributes": [],
          "dependencies": [
            "mist_org.terraform_test"
          ]
        }
      ]
    },
    {
      "mode": "managed",
      "type": "mist_org_idpprofile",
      "name": "test2",
      "provider": "provider[\"registry.terraform.io/juniper/mist\"]",
      "instances": [
        {
          "schema_version": 0,
          "attributes": {
            "base_profile": "standard",
            "id": "2aa6651d-5d51-485b-954f-cd28038d8211",
            "name": "UDP-ZERO-DATA",
            "org_id": "992bf4b9-c900-4850-9992-107b2f9df928",
            "overwrites": [
              {
                "action": "alert",
                "matching": {
                  "attack_name": [
                    "UDP:ZERO-DATA"
                  ],
                  "dst_subnet": [
                    "8.8.8.8/32"
                  ],
                  "severity": []
                },
                "name": "UDP-ZERO-DATA-AllowGoogle1"
              }
            ]
          },
          "sensitive_attributes": [],
          "dependencies": [
            "mist_org.terraform_test"
          ]
        }
      ]
    },
    {
      "mode": "managed",
      "type": "mist_org_idpprofile",
      "name": "test3",
      "provider": "provider[\"registry.terraform.io/juniper/mist\"]",
      "instances": [
        {
          "schema_version": 0,
          "attributes": {
            "base_profile": "critical",
            "id": "8da2a34a-1f03-4913-b000-21e5dd31ba9a",
            "name": "aide-demo-dmz-bypass",
            "org_id": "992bf4b9-c900-4850-9992-107b2f9df928",
            "overwrites": [
              {
                "action": "alert",
                "matching": {
                  "attack_name": [
                    "SSL:OVERFLOW:KEY-ARG-NO-ENTROPY"
                  ],
                  "dst_subnet": [],
                  "severity": []
                },
                "name": "server_bypass"
              },
              {
                "action": "alert",
                "matching": {
                  "attack_name": [
                    "SSL:OVERFLOW:KEY-ARG-NO-ENTROPY"
                  ],
                  "dst_subnet": [],
                  "severity": []
                },
                "name": "aide-demo-guest-bypass"
              }
            ]
          },
          "sensitive_attributes": [],
          "dependencies": [
            "mist_org.terraform_test"
          ]
        }
      ]
    },
    {
      "mode": "managed",
      "type": "mist_org_idpprofile",
      "name": "test4",
      "provider": "provider[\"registry.terraform.io/juniper/mist\"]",
      "instances": [
        {
          "schema_version": 0,
          "attributes": {
            "base_profile": "critical",
            "id": "b6df0a44-ce73-4a7c-95b9-7b2a348a5185",
            "name": "nn-test",
            "org_id": "992bf4b9-c900-4850-9992-107b2f9df928",
            "overwrites": null
          },
          "sensitive_attributes": [],
          "dependencies": [
            "mist_org.terraform_test"
          ]
        }
      ]
    },
    {
      "mode": "managed",
      "type": "mist_org_idpprofile",
      "name": "test5",
      "provider": "provider[\"registry.terraform.io/juniper/mist\"]",
      "instances": [
        {
          "schema_version": 0,
          "attributes": {
            "base_profile": "standard",
            "id": "c15b478c-87a3-4681-bc1a-3da661c0d1b2",
            "name": "zero-data",
            "org_id": "992bf4b9-c900-4850-9992-107b2f9df928",
            "overwrites": [
              {
                "action": "close",
                "matching": {
                  "attack_name": [
                    "UDP:ZERO-DATA"
                  ],
                  "dst_subnet": [
                    "9.9.9.9/32",
                    "1.0.0.1/32"
                  ],
                  "severity": []
                },
                "name": "zero-data"
              }
            ]
          },
          "sensitive_attributes": [],
          "dependencies": [
            "mist_org.terraform_test"
          ]
        }
      ]
    },
    {
      "mode": "managed",
      "type": "mist_org_idpprofile",
      "name": "test6",
      "provider": "provider[\"registry.terraform.io/juniper/mist\"]",
      "instances": [
        {
          "schema_version": 0,
          "attributes": {
            "base_profile": "standard",
            "id": "ffe9ddce-96fb-4910-8d92-07e7e85936be",
            "name": "CVE",
            "org_id": "992bf4b9-c900-4850-9992-107b2f9df928",
            "overwrites": [
              {
                "action": "alert",
                "matching": {
                  "attack_name": [
                    "HTTP:INFO-LEAK:NO-SP-AFTER-FLD",
                    "HTTP:OVERFLOW:HEADER",
                    "HTTP:INVALID:HDR-FIELD",
                    "HTTP:INVALID:INV-CONT-ENC",
                    "SSL:AUDIT:EXPORT-GRADE-CIPHER",
                    "PORTMAPPER:ERR:SHORT-READ",
                    "SSL:OVERFLOW:KEY-ARG-NO-ENTROPY"
                  ],
                  "dst_subnet": [
                    "192.168.94.2/32",
                    "93.184.215.14/32",
                    "13.89.179.10/32",
                    "1.0.0.1/32",
                    "9.9.9.9/32",
                    "1.1.1.1/32",
                    "142.251.33.99/32",
                    "23.102.110.248/32",
                    "20.189.173.10/32",
                    "13.89.179.14/32",
                    "142.251.211.227/32"
                  ],
                  "severity": []
                },
                "name": "CVE"
              }
            ]
          },
          "sensitive_attributes": [],
          "dependencies": [
            "mist_org.terraform_test"
          ]
        }
      ]
    },
    {
      "mode": "managed",
      "type": "mist_org_inventory",
      "name": "inventory",
      "provider": "provider[\"registry.terraform.io/juniper/mist\"]",
      "instances": [
        {
          "schema_version": 0,
          "attributes": {
            "devices": [
              {
                "claim_code": "CPKL2EXN8JY98AC",
                "hostname": null,
                "id": "00000000-0000-0000-1000-003e7316ff9e",
                "mac": "003e7316ff9e",
                "model": "AP24",
                "org_id": "992bf4b9-c900-4850-9992-107b2f9df928",
                "serial": "A192923060671",
                "site_id": "d7c8364e-f2f4-48ca-907e-37eff0475b03",
                "type": "ap",
                "vc_mac": null
              },
              {
                "claim_code": "G87JHBFXZJSFNMX",
                "hostname": "demo-ex",
                "id": "00000000-0000-0000-1000-2c21311c37b0",
                "mac": "2c21311c37b0",
                "model": "EX2300-C-12P",
                "org_id": "992bf4b9-c900-4850-9992-107b2f9df928",
                "serial": "HV0216410081",
                "site_id": "d7c8364e-f2f4-48ca-907e-37eff0475b03",
                "type": "switch",
                "vc_mac": null
              },
              {
                "claim_code": "CV4YAS8DQWYLL6M",
                "hostname": null,
                "id": "00000000-0000-0000-1000-e8a24550e732",
                "mac": "e8a24550e732",
                "model": "SRX320",
                "org_id": "992bf4b9-c900-4850-9992-107b2f9df928",
                "serial": "CW2720AF0433",
                "site_id": "d7c8364e-f2f4-48ca-907e-37eff0475b03",
                "type": "gateway",
                "vc_mac": null
              },
              {
                "claim_code": "",
                "hostname": "hub_one",
                "id": "00000000-0000-0000-1000-4c9614e54f00",
                "mac": "4c9614e54f00",
                "model": "VSRX3",
                "org_id": "992bf4b9-c900-4850-9992-107b2f9df928",
                "serial": "23D32B733E1D",
                "site_id": "d7c8364e-f2f4-48ca-907e-37eff0475b03",
                "type": "gateway",
                "vc_mac": null
              },
              {
                "claim_code": "",
                "hostname": "4c9614025500",
                "id": "00000000-0000-0000-1000-4c9614025500",
                "mac": "4c9614025500",
                "model": "VSRX3",
                "org_id": "992bf4b9-c900-4850-9992-107b2f9df928",
                "serial": "1440DC8FDEDF",
                "site_id": "d7c8364e-f2f4-48ca-907e-37eff0475b03",
                "type": "gateway",
                "vc_mac": null
              }
            ],
            "org_id": "992bf4b9-c900-4850-9992-107b2f9df928"
          },
          "sensitive_attributes": [],
          "dependencies": [
            "mist_org.terraform_test",
            "mist_site.terraform_site"
          ]
        }
      ]
    },
    {
      "mode": "managed",
      "type": "mist_org_nactag",
      "name": "nactag_VLAN_Crew451",
      "provider": "provider[\"registry.terraform.io/juniper/mist\"]",
      "instances": [
        {
          "schema_version": 0,
          "attributes": {
            "allow_usermac_override": false,
            "egress_vlan_names": null,
            "gbp_tag": null,
            "id": "6e2bda9b-1b67-4886-82b9-91d774bb22ac",
            "match": null,
            "match_all": false,
            "name": "VLAN-Crew451",
            "org_id": "992bf4b9-c900-4850-9992-107b2f9df928",
            "radius_attrs": null,
            "radius_group": null,
            "radius_vendor_attrs": null,
            "session_timeout": null,
            "type": "vlan",
            "values": null,
            "vlan": "451"
          },
          "sensitive_attributes": [],
          "dependencies": [
            "mist_org.terraform_test"
          ]
        }
      ]
    },
    {
      "mode": "managed",
      "type": "mist_org_network",
      "name": "AUTOMATION_VLAN460",
      "provider": "provider[\"registry.terraform.io/juniper/mist\"]",
      "instances": [
        {
          "schema_version": 0,
          "attributes": {
            "disallow_mist_services": true,
            "gateway": null,
            "gateway6": null,
            "id": "2beea63f-8a49-4819-8780-77bec6656089",
            "internal_access": null,
            "internet_access": {
              "create_simple_service_policy": false,
              "destination_nat": null,
              "enabled": null,
              "restricted": false,
              "static_nat": null
            },
            "isolation": true,
            "name": "AUTOMATION_VLAN460",
            "org_id": "992bf4b9-c900-4850-9992-107b2f9df928",
            "routed_for_networks": null,
            "subnet": "0.0.0.0/0",
            "subnet6": null,
            "tenants": null,
            "vlan_id": null,
            "vpn_access": {
              "OrgOverlay": {
                "advertised_subnet": null,
                "allow_ping": null,
                "destination_nat": null,
                "nat_pool": null,
                "no_readvertise_to_lan_bgp": false,
                "no_readvertise_to_lan_ospf": false,
                "no_readvertise_to_overlay": null,
                "other_vrfs": [],
                "routed": true,
                "source_nat": null,
                "static_nat": null,
                "summarized_subnet": null,
                "summarized_subnet_to_lan_bgp": null,
                "summarized_subnet_to_lan_ospf": null
              }
            }
          },
          "sensitive_attributes": [],
          "dependencies": [
            "mist_org.terraform_test"
          ]
        }
      ]
    },
    {
      "mode": "managed",
      "type": "mist_org_network",
      "name": "CORE_VLAN410",
      "provider": "provider[\"registry.terraform.io/juniper/mist\"]",
      "instances": [
        {
          "schema_version": 0,
          "attributes": {
            "disallow_mist_services": true,
            "gateway": null,
            "gateway6": null,
            "id": "5ec7f2b6-788e-4a7c-b464-ba82af01ffdb",
            "internal_access": null,
            "internet_access": {
              "create_simple_service_policy": false,
              "destination_nat": null,
              "enabled": null,
              "restricted": false,
              "static_nat": null
            },
            "isolation": true,
            "name": "CORE_VLAN410",
            "org_id": "992bf4b9-c900-4850-9992-107b2f9df928",
            "routed_for_networks": null,
            "subnet": "0.0.0.0/0",
            "subnet6": null,
            "tenants": null,
            "vlan_id": null,
            "vpn_access": {
              "OrgOverlay": {
                "advertised_subnet": null,
                "allow_ping": null,
                "destination_nat": null,
                "nat_pool": null,
                "no_readvertise_to_lan_bgp": false,
                "no_readvertise_to_lan_ospf": false,
                "no_readvertise_to_overlay": null,
                "other_vrfs": [],
                "routed": true,
                "source_nat": null,
                "static_nat": null,
                "summarized_subnet": null,
                "summarized_subnet_to_lan_bgp": null,
                "summarized_subnet_to_lan_ospf": null
              }
            }
          },
          "sensitive_attributes": [],
          "dependencies": [
            "mist_org.terraform_test"
          ]
        }
      ]
    },
    {
      "mode": "managed",
      "type": "mist_org_network",
      "name": "MANAGEMENT_VLAN430",
      "provider": "provider[\"registry.terraform.io/juniper/mist\"]",
      "instances": [
        {
          "schema_version": 0,
          "attributes": {
            "disallow_mist_services": true,
            "gateway": null,
            "gateway6": null,
            "id": "fc1ecdfd-d8d6-45c1-adf1-2f5286fdac27",
            "internal_access": null,
            "internet_access": {
              "create_simple_service_policy": false,
              "destination_nat": null,
              "enabled": null,
              "restricted": false,
              "static_nat": null
            },
            "isolation": true,
            "name": "MANAGEMENT_VLAN430",
            "org_id": "992bf4b9-c900-4850-9992-107b2f9df928",
            "routed_for_networks": null,
            "subnet": "0.0.0.0/0",
            "subnet6": null,
            "tenants": null,
            "vlan_id": null,
            "vpn_access": {
              "OrgOverlay": {
                "advertised_subnet": null,
                "allow_ping": null,
                "destination_nat": null,
                "nat_pool": null,
                "no_readvertise_to_lan_bgp": false,
                "no_readvertise_to_lan_ospf": false,
                "no_readvertise_to_overlay": null,
                "other_vrfs": [],
                "routed": true,
                "source_nat": null,
                "static_nat": null,
                "summarized_subnet": null,
                "summarized_subnet_to_lan_bgp": null,
                "summarized_subnet_to_lan_ospf": null
              }
            }
          },
          "sensitive_attributes": [],
          "dependencies": [
            "mist_org.terraform_test"
          ]
        }
      ]
    },
    {
      "mode": "managed",
      "type": "mist_org_network",
      "name": "RESTRICTED_VLAN420",
      "provider": "provider[\"registry.terraform.io/juniper/mist\"]",
      "instances": [
        {
          "schema_version": 0,
          "attributes": {
            "disallow_mist_services": true,
            "gateway": null,
            "gateway6": null,
            "id": "78d34640-1daa-48ce-b6cc-e5a2e18bf48a",
            "internal_access": null,
            "internet_access": {
              "create_simple_service_policy": false,
              "destination_nat": null,
              "enabled": null,
              "restricted": false,
              "static_nat": null
            },
            "isolation": true,
            "name": "RESTRICTED_VLAN420",
            "org_id": "992bf4b9-c900-4850-9992-107b2f9df928",
            "routed_for_networks": null,
            "subnet": "0.0.0.0/0",
            "subnet6": null,
            "tenants": null,
            "vlan_id": null,
            "vpn_access": {
              "OrgOverlay": {
                "advertised_subnet": null,
                "allow_ping": null,
                "destination_nat": null,
                "nat_pool": null,
                "no_readvertise_to_lan_bgp": false,
                "no_readvertise_to_lan_ospf": false,
                "no_readvertise_to_overlay": null,
                "other_vrfs": [],
                "routed": true,
                "source_nat": null,
                "static_nat": null,
                "summarized_subnet": null,
                "summarized_subnet_to_lan_bgp": null,
                "summarized_subnet_to_lan_ospf": null
              }
            }
          },
          "sensitive_attributes": [],
          "dependencies": [
            "mist_org.terraform_test"
          ]
        }
      ]
    },
    {
      "mode": "managed",
      "type": "mist_org_network",
      "name": "UNTRUSTED_VLAN490",
      "provider": "provider[\"registry.terraform.io/juniper/mist\"]",
      "instances": [
        {
          "schema_version": 0,
          "attributes": {
            "disallow_mist_services": true,
            "gateway": null,
            "gateway6": null,
            "id": "799dbcf9-fa94-485a-87e0-2ece925a45bf",
            "internal_access": null,
            "internet_access": {
              "create_simple_service_policy": false,
              "destination_nat": null,
              "enabled": null,
              "restricted": false,
              "static_nat": null
            },
            "isolation": true,
            "name": "UNTRUSTED_VLAN490",
            "org_id": "992bf4b9-c900-4850-9992-107b2f9df928",
            "routed_for_networks": null,
            "subnet": "0.0.0.0/0",
            "subnet6": null,
            "tenants": null,
            "vlan_id": null,
            "vpn_access": {
              "OrgOverlay": {
                "advertised_subnet": null,
                "allow_ping": null,
                "destination_nat": null,
                "nat_pool": null,
                "no_readvertise_to_lan_bgp": false,
                "no_readvertise_to_lan_ospf": false,
                "no_readvertise_to_overlay": null,
                "other_vrfs": [],
                "routed": true,
                "source_nat": null,
                "static_nat": null,
                "summarized_subnet": null,
                "summarized_subnet_to_lan_bgp": null,
                "summarized_subnet_to_lan_ospf": null
              }
            }
          },
          "sensitive_attributes": [],
          "dependencies": [
            "mist_org.terraform_test"
          ]
        }
      ]
    },
    {
      "mode": "managed",
      "type": "mist_org_networktemplate",
      "name": "switch_template",
      "provider": "provider[\"registry.terraform.io/juniper/mist\"]",
      "instances": [
        {
          "schema_version": 0,
          "attributes": {
            "acl_policies": [
              {
                "actions": [
                  {
                    "action": "allow",
                    "dst_tag": "test2"
                  }
                ],
                "name": "acl test",
                "src_tags": [
                  "test"
                ]
              }
            ],
            "acl_tags": {
              "test": {
                "gbp_tag": null,
                "macs": [
                  "deadbeefc0ffee"
                ],
                "network": null,
                "radius_group": null,
                "specs": null,
                "subnets": [],
                "type": "mac"
              },
              "test2": {
                "gbp_tag": null,
                "macs": [],
                "network": null,
                "radius_group": null,
                "specs": null,
                "subnets": [],
                "type": "resource"
              }
            },
            "additional_config_cmds": null,
            "dhcp_snooping": {
              "all_networks": false,
              "enable_arp_spoof_check": true,
              "enable_ip_source_guard": true,
              "enabled": true,
              "networks": [
                "test"
              ]
            },
            "dns_servers": [
              "10.3.51.222"
            ],
            "dns_suffix": [
              "stag.one"
            ],
            "extra_routes": {
              "1.2.0.0/24": {
                "discard": false,
                "metric": null,
                "next_qualified": null,
                "no_resolve": false,
                "preference": null,
                "via": "1.2.3.4"
              }
            },
            "extra_routes6": null,
            "id": "11d35e35-9573-468e-858d-351a55e59ac7",
            "mist_nac": null,
            "name": "switch_template",
            "networks": {
              "test": {
                "isolation": false,
                "isolation_vlan_id": null,
                "subnet": "1.2.3.0/24",
                "vlan_id": "10"
              },
              "test2": {
                "isolation": false,
                "isolation_vlan_id": null,
                "subnet": "1.2.3.0/24",
                "vlan_id": "11"
              }
            },
            "ntp_servers": [
              "10.3.51.222"
            ],
            "org_id": "992bf4b9-c900-4850-9992-107b2f9df928",
            "ospf_areas": null,
            "port_mirroring": {
              "mcd-sw1-span": {
                "input_networks_ingress": [
                  "CORE"
                ],
                "input_port_ids_egress": [],
                "input_port_ids_ingress": [],
                "output_network": null,
                "output_port_id": "ge-0/0/42"
              },
              "test": {
                "input_networks_ingress": [],
                "input_port_ids_egress": [
                  "ge-0/0/3"
                ],
                "input_port_ids_ingress": [
                  "ge-0/0/3"
                ],
                "output_network": null,
                "output_port_id": "ge-0/0/10"
              },
              "test2": {
                "input_networks_ingress": [
                  "default"
                ],
                "input_port_ids_egress": [],
                "input_port_ids_ingress": [],
                "output_network": "prx",
                "output_port_id": null
              },
              "test3": {
                "input_networks_ingress": [
                  "default"
                ],
                "input_port_ids_egress": [],
                "input_port_ids_ingress": [],
                "output_network": null,
                "output_port_id": "ge-0/0/10"
              }
            },
            "port_usages": {
              "disabled_port": {
                "all_networks": false,
                "allow_dhcpd": null,
                "allow_multiple_supplicants": false,
                "bypass_auth_when_server_down": false,
                "bypass_auth_when_server_down_for_unkonwn_client": false,
                "description": null,
                "disable_autoneg": false,
                "disabled": true,
                "duplex": "auto",
                "dynamic_vlan_networks": [],
                "enable_mac_auth": false,
                "enable_qos": false,
                "guest_network": null,
                "inter_switch_link": false,
                "mac_auth_only": null,
                "mac_auth_preferred": null,
                "mac_auth_protocol": "eap-md5",
                "mac_limit": 0,
                "mode": "access",
                "mtu": null,
                "networks": [],
                "persist_mac": false,
                "poe_disabled": false,
                "port_auth": null,
                "port_network": "default",
                "reauth_interval": 3600,
                "reset_default_when": "link_down",
                "rules": null,
                "server_fail_network": null,
                "server_reject_network": null,
                "speed": null,
                "storm_control": null,
                "stp_edge": false,
                "stp_no_root_port": false,
                "stp_p2p": false,
                "voip_network": null
              },
              "test": {
                "all_networks": false,
                "allow_dhcpd": false,
                "allow_multiple_supplicants": true,
                "bypass_auth_when_server_down": true,
                "bypass_auth_when_server_down_for_unkonwn_client": false,
                "description": "test",
                "disable_autoneg": false,
                "disabled": false,
                "duplex": "auto",
                "dynamic_vlan_networks": [],
                "enable_mac_auth": true,
                "enable_qos": true,
                "guest_network": "test",
                "inter_switch_link": false,
                "mac_auth_only": false,
                "mac_auth_preferred": null,
                "mac_auth_protocol": "pap",
                "mac_limit": 10,
                "mode": "access",
                "mtu": 1500,
                "networks": [],
                "persist_mac": false,
                "poe_disabled": false,
                "port_auth": "dot1x",
                "port_network": "test2",
                "reauth_interval": 3600,
                "reset_default_when": "link_down",
                "rules": null,
                "server_fail_network": null,
                "server_reject_network": null,
                "speed": null,
                "storm_control": {
                  "no_broadcast": true,
                  "no_multicast": true,
                  "no_registered_multicast": true,
                  "no_unknown_unicast": true,
                  "percentage": 75
                },
                "stp_edge": true,
                "stp_no_root_port": false,
                "stp_p2p": false,
                "voip_network": "test2"
              },
              "test0": {
                "all_networks": false,
                "allow_dhcpd": null,
                "allow_multiple_supplicants": false,
                "bypass_auth_when_server_down": false,
                "bypass_auth_when_server_down_for_unkonwn_client": false,
                "description": null,
                "disable_autoneg": false,
                "disabled": false,
                "duplex": "auto",
                "dynamic_vlan_networks": [],
                "enable_mac_auth": false,
                "enable_qos": false,
                "guest_network": null,
                "inter_switch_link": false,
                "mac_auth_only": null,
                "mac_auth_preferred": null,
                "mac_auth_protocol": "eap-md5",
                "mac_limit": 0,
                "mode": "trunk",
                "mtu": null,
                "networks": [],
                "persist_mac": false,
                "poe_disabled": false,
                "port_auth": null,
                "port_network": null,
                "reauth_interval": 3600,
                "reset_default_when": "link_down",
                "rules": null,
                "server_fail_network": null,
                "server_reject_network": null,
                "speed": null,
                "storm_control": null,
                "stp_edge": false,
                "stp_no_root_port": false,
                "stp_p2p": false,
                "voip_network": null
              }
            },
            "radius_config": {
              "acct_interim_interval": 60,
              "acct_servers": [
                {
                  "host": "1.2.3.4",
                  "keywrap_enabled": null,
                  "keywrap_format": null,
                  "keywrap_kek": null,
                  "keywrap_mack": null,
                  "port": 1813,
                  "secret": "secret"
                }
              ],
              "auth_servers": [
                {
                  "host": "1.2.3.4",
                  "keywrap_enabled": null,
                  "keywrap_format": null,
                  "keywrap_kek": null,
                  "keywrap_mack": null,
                  "port": 1812,
                  "require_message_authenticator": false,
                  "secret": "secret"
                }
              ],
              "auth_servers_retries": 3,
              "auth_servers_timeout": 5,
              "coa_enabled": true,
              "coa_port": 3799,
              "network": "test",
              "source_ip": null
            },
            "remote_syslog": {
              "archive": {
                "files": 2,
                "size": "5m"
              },
              "console": {
                "contents": [
                  {
                    "facility": "kernel",
                    "severity": "alert"
                  }
                ]
              },
              "enabled": true,
              "files": null,
              "network": "test",
              "send_to_all_servers": false,
              "servers": [
                {
                  "contents": [
                    {
                      "facility": "any",
                      "severity": "any"
                    }
                  ],
                  "explicit_priority": null,
                  "facility": "any",
                  "host": "1.2.3.4",
                  "match": null,
                  "port": 514,
                  "protocol": "udp",
                  "routing_instance": null,
                  "severity": "any",
                  "source_address": null,
                  "structured_data": null,
                  "tag": null
                }
              ],
              "time_format": null,
              "users": null
            },
            "remove_existing_configs": false,
            "snmp_config": null,
            "switch_matching": {
              "enable": true,
              "rules": [
                {
                  "additional_config_cmds": [
                    "set system name-server 8.8.8.8"
                  ],
                  "ip_config": {
                    "network": "test",
                    "type": "static"
                  },
                  "match_role": "access",
                  "match_type": "match_name[0:3]",
                  "match_value": "abc",
                  "name": "access",
                  "oob_ip_config": {
                    "type": "static",
                    "use_mgmt_vrf": true,
                    "use_mgmt_vrf_for_host_out": false
                  },
                  "port_config": {
                    "ge-0/0/0-10": {
                      "ae_disable_lacp": null,
                      "ae_idx": null,
                      "ae_lacp_slow": true,
                      "aggregated": false,
                      "critical": null,
                      "description": null,
                      "disable_autoneg": false,
                      "duplex": "auto",
                      "dynamic_usage": null,
                      "esilag": null,
                      "mtu": 1514,
                      "no_local_overwrite": null,
                      "poe_disabled": false,
                      "speed": "auto",
                      "usage": "trunk"
                    }
                  },
                  "port_mirroring": {
                    "test": {
                      "input_networks_ingress": [],
                      "input_port_ids_egress": [
                        "ge-0/0/3"
                      ],
                      "input_port_ids_ingress": [
                        "ge-0/0/3"
                      ],
                      "output_network": null,
                      "output_port_id": "ge-0/0/10"
                    },
                    "test2": {
                      "input_networks_ingress": [
                        "default"
                      ],
                      "input_port_ids_egress": [],
                      "input_port_ids_ingress": [],
                      "output_network": "prx",
                      "output_port_id": null
                    },
                    "test3": {
                      "input_networks_ingress": [
                        "default"
                      ],
                      "input_port_ids_egress": [],
                      "input_port_ids_ingress": [],
                      "output_network": null,
                      "output_port_id": "ge-0/0/10"
                    }
                  }
                },
                {
                  "additional_config_cmds": [
                    "set system name-server 8.8.8.8"
                  ],
                  "ip_config": null,
                  "match_role": "core",
                  "match_type": null,
                  "match_value": null,
                  "name": "core",
                  "oob_ip_config": null,
                  "port_config": {
                    "ge-0/0/0-10": {
                      "ae_disable_lacp": null,
                      "ae_idx": null,
                      "ae_lacp_slow": true,
                      "aggregated": false,
                      "critical": null,
                      "description": null,
                      "disable_autoneg": false,
                      "duplex": "auto",
                      "dynamic_usage": null,
                      "esilag": null,
                      "mtu": 1514,
                      "no_local_overwrite": null,
                      "poe_disabled": false,
                      "speed": "auto",
                      "usage": "trunk"
                    }
                  },
                  "port_mirroring": null
                }
              ]
            },
            "switch_mgmt": {
              "ap_affinity_threshold": 12,
              "cli_banner": "Weclome!",
              "cli_idle_timeout": 10,
              "config_revert_timer": 5,
              "dhcp_option_fqdn": false,
              "disable_oob_down_alarm": null,
              "local_accounts": null,
              "mxedge_proxy_host": null,
              "mxedge_proxy_port": 2222,
              "protect_re": {
                "allowed_services": [
                  "icmp",
                  "ssh"
                ],
                "custom": [
                  {
                    "port_range": "0",
                    "protocol": "icmp",
                    "subnets": [
                      "1.2.3.4"
                    ]
                  }
                ],
                "enabled": true,
                "trusted_hosts": [
                  "1.2.3.4",
                  "10.0.0.1/24"
                ]
              },
              "root_password": "Juniper123!",
              "tacacs": null,
              "use_mxedge_proxy": null
            },
            "vrf_config": {
              "enabled": true
            },
            "vrf_instances": {
              "test": {
                "extra_routes": {
                  "1.2.3.0/24": {
                    "via": "10.10.10.10"
                  }
                },
                "networks": [
                  "test",
                  "test2"
                ]
              }
            }
          },
          "sensitive_attributes": [
            [
              {
                "type": "get_attr",
                "value": "radius_config"
              },
              {
                "type": "get_attr",
                "value": "auth_servers"
              },
              {
                "type": "index",
                "value": {
                  "value": 0,
                  "type": "number"
                }
              },
              {
                "type": "get_attr",
                "value": "secret"
              }
            ],
            [
              {
                "type": "get_attr",
                "value": "radius_config"
              },
              {
                "type": "get_attr",
                "value": "acct_servers"
              },
              {
                "type": "index",
                "value": {
                  "value": 0,
                  "type": "number"
                }
              },
              {
                "type": "get_attr",
                "value": "secret"
              }
            ],
            [
              {
                "type": "get_attr",
                "value": "switch_mgmt"
              },
              {
                "type": "get_attr",
                "value": "root_password"
              }
            ]
          ],
          "dependencies": [
            "mist_org.terraform_test"
          ]
        }
      ]
    },
    {
      "mode": "managed",
      "type": "mist_org_rftemplate",
      "name": "example",
      "provider": "provider[\"registry.terraform.io/juniper/mist\"]",
      "instances": [
        {
          "schema_version": 0,
          "attributes": {
            "ant_gain_24": 0,
            "ant_gain_5": 0,
            "ant_gain_6": 0,
            "band_24": null,
            "band_24_usage": null,
            "band_5": null,
            "band_5_on_24_radio": null,
            "band_6": null,
            "country_code": "US",
            "id": "8a2a8a57-80ad-4c9d-9d80-cfbc278afdef",
            "model_specific": null,
            "name": "Integration_Template_Test",
            "org_id": "992bf4b9-c900-4850-9992-107b2f9df928",
            "scanning_enabled": null
          },
          "sensitive_attributes": [],
          "dependencies": [
            "mist_org.terraform_test"
          ]
        }
      ]
    },
    {
      "mode": "managed",
      "type": "mist_org_service",
      "name": "service11",
      "provider": "provider[\"registry.terraform.io/juniper/mist\"]",
      "instances": [
        {
          "schema_version": 0,
          "attributes": {
            "addresses": [],
            "app_categories": [
              "Advertisement",
              "FileSharing"
            ],
            "app_subcategories": [],
            "apps": [],
            "description": null,
            "dscp": null,
            "failover_policy": "revertable",
            "hostnames": [],
            "id": "c633c3df-30ef-4230-b8d5-53b1faa8e53b",
            "max_jitter": null,
            "max_latency": null,
            "max_loss": null,
            "name": "public_url_block",
            "org_id": "992bf4b9-c900-4850-9992-107b2f9df928",
            "sle_enabled": false,
            "specs": null,
            "ssr_relaxed_tcp_state_enforcement": false,
            "traffic_class": "best_effort",
            "traffic_type": "default",
            "type": "app_categories",
            "urls": []
          },
          "sensitive_attributes": [],
          "dependencies": [
            "mist_org.terraform_test"
          ]
        }
      ]
    },
    {
      "mode": "managed",
      "type": "mist_org_service",
      "name": "service143",
      "provider": "provider[\"registry.terraform.io/juniper/mist\"]",
      "instances": [
        {
          "schema_version": 0,
          "attributes": {
            "addresses": [],
            "app_categories": [],
            "app_subcategories": [],
            "apps": [
              "office365"
            ],
            "description": "App for detecting office 365",
            "dscp": null,
            "failover_policy": "revertable",
            "hostnames": [],
            "id": "bc054b97-93fe-48df-8873-0396ef7eab75",
            "max_jitter": null,
            "max_latency": null,
            "max_loss": null,
            "name": "XX-office365",
            "org_id": "992bf4b9-c900-4850-9992-107b2f9df928",
            "sle_enabled": false,
            "specs": null,
            "ssr_relaxed_tcp_state_enforcement": false,
            "traffic_class": "best_effort",
            "traffic_type": "default",
            "type": "apps",
            "urls": []
          },
          "sensitive_attributes": [],
          "dependencies": [
            "mist_org.terraform_test"
          ]
        }
      ]
    },
    {
      "mode": "managed",
      "type": "mist_org_servicepolicy",
      "name": "test1",
      "provider": "provider[\"registry.terraform.io/juniper/mist\"]",
      "instances": [
        {
          "schema_version": 0,
          "attributes": {
            "action": "allow",
            "appqoe": null,
            "ewf": null,
            "id": "26940078-982d-4124-b759-9385b50f4287",
            "idp": {
              "alert_only": null,
              "enabled": false,
              "idpprofile_id": null,
              "profile": "strict"
            },
            "local_routing": false,
            "name": "Policy-1",
            "org_id": "992bf4b9-c900-4850-9992-107b2f9df928",
            "path_preference": null,
            "services": [
              "any"
            ],
            "tenants": [
              "CORE_VLAN410"
            ]
          },
          "sensitive_attributes": [],
          "dependencies": [
            "mist_org.terraform_test"
          ]
        }
      ]
    },
    {
      "mode": "managed",
      "type": "mist_org_servicepolicy",
      "name": "test2",
      "provider": "provider[\"registry.terraform.io/juniper/mist\"]",
      "instances": [
        {
          "schema_version": 0,
          "attributes": {
            "action": "allow",
            "appqoe": null,
            "ewf": null,
            "id": "71fd5721-7625-43dc-9f02-d72aa7f6fab1",
            "idp": null,
            "local_routing": false,
            "name": "Policy-3",
            "org_id": "992bf4b9-c900-4850-9992-107b2f9df928",
            "path_preference": null,
            "services": [
              "any"
            ],
            "tenants": [
              "MANAGEMENT_VLAN430"
            ]
          },
          "sensitive_attributes": [],
          "dependencies": [
            "mist_org.terraform_test"
          ]
        }
      ]
    },
    {
      "mode": "managed",
      "type": "mist_org_servicepolicy",
      "name": "test3",
      "provider": "provider[\"registry.terraform.io/juniper/mist\"]",
      "instances": [
        {
          "schema_version": 0,
          "attributes": {
            "action": "allow",
            "appqoe": null,
            "ewf": null,
            "id": "7b93a616-7377-4ce6-b1fc-60efd9498eda",
            "idp": null,
            "local_routing": false,
            "name": "Policy-2",
            "org_id": "992bf4b9-c900-4850-9992-107b2f9df928",
            "path_preference": null,
            "services": [
              "any"
            ],
            "tenants": [
              "cctv-b.PRD-IoT"
            ]
          },
          "sensitive_attributes": [],
          "dependencies": [
            "mist_org.terraform_test"
          ]
        }
      ]
    },
    {
      "mode": "managed",
      "type": "mist_org_servicepolicy",
      "name": "test4",
      "provider": "provider[\"registry.terraform.io/juniper/mist\"]",
      "instances": [
        {
          "schema_version": 0,
          "attributes": {
            "action": "allow",
            "appqoe": null,
            "ewf": null,
            "id": "2aa628b7-bb08-4a48-8545-ca503fc5ccdb",
            "idp": null,
            "local_routing": false,
            "name": "UDP-ZERO-DATA-DNS-GOOGLE",
            "org_id": "992bf4b9-c900-4850-9992-107b2f9df928",
            "path_preference": null,
            "services": [
              "Internet"
            ],
            "tenants": [
              "saltlake-lan2"
            ]
          },
          "sensitive_attributes": [],
          "dependencies": [
            "mist_org.terraform_test"
          ]
        }
      ]
    },
    {
      "mode": "managed",
      "type": "mist_org_servicepolicy",
      "name": "test5",
      "provider": "provider[\"registry.terraform.io/juniper/mist\"]",
      "instances": [
        {
          "schema_version": 0,
          "attributes": {
            "action": "allow",
            "appqoe": null,
            "ewf": null,
            "id": "05e017be-3b0f-4147-831d-979e8e1f7a34",
            "idp": {
              "alert_only": null,
              "enabled": false,
              "idpprofile_id": null,
              "profile": "strict"
            },
            "local_routing": false,
            "name": "access-to-rfc1918",
            "org_id": "992bf4b9-c900-4850-9992-107b2f9df928",
            "path_preference": null,
            "services": [
              "rfc1918"
            ],
            "tenants": [
              "corp_datacenter1",
              "corp_datacenter2",
              "core_dc2_network",
              "mgmt_datacenter1",
              "mgmt_datacenter2",
              "corp_network",
              "mgmt_network"
            ]
          },
          "sensitive_attributes": [],
          "dependencies": [
            "mist_org.terraform_test"
          ]
        }
      ]
    },
    {
      "mode": "managed",
      "type": "mist_org_servicepolicy",
      "name": "test6",
      "provider": "provider[\"registry.terraform.io/juniper/mist\"]",
      "instances": [
        {
          "schema_version": 0,
          "attributes": {
            "action": "allow",
            "appqoe": null,
            "ewf": null,
            "id": "3e809ee8-74e3-448a-8374-6d893375ea66",
            "idp": {
              "alert_only": true,
              "enabled": true,
              "idpprofile_id": null,
              "profile": "standard"
            },
            "local_routing": false,
            "name": "Guest-IDP",
            "org_id": "992bf4b9-c900-4850-9992-107b2f9df928",
            "path_preference": null,
            "services": [
              "guest-internet"
            ],
            "tenants": [
              "guest"
            ]
          },
          "sensitive_attributes": [],
          "dependencies": [
            "mist_org.terraform_test"
          ]
        }
      ]
    },
    {
      "mode": "managed",
      "type": "mist_org_webhook",
      "name": "webhook_one",
      "provider": "provider[\"registry.terraform.io/juniper/mist\"]",
      "instances": [
        {
          "schema_version": 0,
          "attributes": {
            "enabled": false,
            "headers": null,
            "id": "33f5f8cb-9520-4b92-a15f-e695a22191cc",
            "name": "test",
            "oauth2_client_id": null,
            "oauth2_client_secret": null,
            "oauth2_grant_type": null,
            "oauth2_password": null,
            "oauth2_scopes": null,
            "oauth2_token_url": null,
            "oauth2_username": null,
            "org_id": "992bf4b9-c900-4850-9992-107b2f9df928",
            "secret": null,
            "splunk_token": null,
            "topics": [
              "audits"
            ],
            "type": "http-post",
            "url": "https://test.com",
            "verify_cert": true
          },
          "sensitive_attributes": [
            [
              {
                "type": "get_attr",
                "value": "oauth2_password"
              }
            ],
            [
              {
                "type": "get_attr",
                "value": "secret"
              }
            ],
            [
              {
                "type": "get_attr",
                "value": "splunk_token"
              }
            ],
            [
              {
                "type": "get_attr",
                "value": "oauth2_client_secret"
              }
            ]
          ],
          "dependencies": [
            "mist_org.terraform_test"
          ]
        }
      ]
    },
    {
      "mode": "managed",
      "type": "mist_org_wlan",
      "name": "test_open",
      "provider": "provider[\"registry.terraform.io/juniper/mist\"]",
      "instances": [
        {
          "schema_version": 0,
          "attributes": {
            "acct_immediate_update": false,
            "acct_interim_interval": 0,
            "acct_servers": null,
            "airwatch": null,
            "allow_ipv6_ndp": true,
            "allow_mdns": false,
            "allow_ssdp": false,
            "ap_ids": [],
            "app_limit": null,
            "app_qos": null,
            "apply_to": "site",
            "arp_filter": false,
            "auth": {
              "anticlog_threshold": 16,
              "eap_reauth": false,
              "enable_mac_auth": false,
              "key_idx": 1,
              "keys": [],
              "multi_psk_only": false,
              "owe": "disabled",
              "pairwise": [],
              "private_wlan": false,
              "psk": "",
              "type": "open",
              "wep_as_secondary_auth": false
            },
            "auth_server_selection": "ordered",
            "auth_servers": null,
            "auth_servers_nas_id": null,
            "auth_servers_nas_ip": null,
            "auth_servers_retries": 2,
            "auth_servers_timeout": 5,
            "band_steer": false,
            "band_steer_force_band5": false,
            "bands": [
              "5",
              "6"
            ],
            "block_blacklist_clients": false,
            "bonjour": null,
            "cisco_cwa": null,
            "client_limit_down": null,
            "client_limit_down_enabled": false,
            "client_limit_up": null,
            "client_limit_up_enabled": false,
            "coa_servers": null,
            "disable_11ax": false,
            "disable_ht_vht_rates": false,
            "disable_uapsd": false,
            "disable_v1_roam_notify": false,
            "disable_v2_roam_notify": false,
            "disable_wmm": false,
            "dns_server_rewrite": null,
            "dtim": 2,
            "dynamic_psk": null,
            "dynamic_vlan": null,
            "enable_local_keycaching": false,
            "enable_wireless_bridging": false,
            "enable_wireless_bridging_dhcp_tracking": false,
            "enabled": true,
            "fast_dot1x_timers": false,
            "hide_ssid": false,
            "hostname_ie": false,
            "hotspot20": null,
            "id": "8c59bf78-4ba6-42d8-843a-5d435257d2b4",
            "inject_dhcp_option_82": null,
            "interface": "all",
            "isolation": false,
            "l2_isolation": false,
            "legacy_overds": false,
            "limit_bcast": false,
            "limit_probe_response": false,
            "max_idletime": 1800,
            "mist_nac": null,
            "msp_id": "",
            "mxtunnel_ids": [],
            "mxtunnel_name": [],
            "no_static_dns": false,
            "no_static_ip": false,
            "org_id": "992bf4b9-c900-4850-9992-107b2f9df928",
            "portal": {
              "amazon_client_id": "",
              "amazon_client_secret": "",
              "amazon_email_domains": [],
              "amazon_enabled": false,
              "amazon_expire": 0,
              "auth": "none",
              "azure_client_id": "",
              "azure_client_secret": "",
              "azure_enabled": false,
              "azure_expire": 0,
              "azure_tenant_id": "",
              "broadnet_password": "",
              "broadnet_sid": "MIST",
              "broadnet_user_id": "",
              "bypass_when_cloud_down": false,
              "clickatell_api_key": "",
              "cross_site": false,
              "email_enabled": true,
              "enabled": true,
              "expire": 60,
              "external_portal_url": "",
              "facebook_client_id": "",
              "facebook_client_secret": "",
              "facebook_email_domains": [],
              "facebook_enabled": false,
              "facebook_expire": 0,
              "forward": false,
              "forward_url": "",
              "google_client_id": "",
              "google_client_secret": "",
              "google_email_domains": [],
              "google_enabled": false,
              "google_expire": 0,
              "gupshup_password": "",
              "gupshup_userid": "",
              "microsoft_client_id": "",
              "microsoft_client_secret": "",
              "microsoft_email_domains": [],
              "microsoft_enabled": false,
              "microsoft_expire": 0,
              "passphrase_enabled": false,
              "passphrase_expire": 0,
              "password": "",
              "predefined_sponsors_enabled": true,
              "predefined_sponsors_hide_email": false,
              "privacy": false,
              "puzzel_password": "",
              "puzzel_service_id": "",
              "puzzel_username": "",
              "sms_enabled": false,
              "sms_expire": 0,
              "sms_message_format": "Code {{code}} expires in {{duration}} minutes.",
              "sms_provider": "manual",
              "sponsor_auto_approve": false,
              "sponsor_email_domains": [],
              "sponsor_enabled": false,
              "sponsor_expire": 0,
              "sponsor_link_validity_duration": "60",
              "sponsor_notify_all": false,
              "sponsor_status_notify": false,
              "sponsors": {},
              "sso_default_role": "",
              "sso_forced_role": "",
              "sso_idp_cert": "",
              "sso_idp_sign_algo": "sha1",
              "sso_idp_sso_url": "",
              "sso_issuer": "",
              "sso_nameid_format": "email",
              "telstra_client_id": "",
              "telstra_client_secret": "",
              "twilio_auth_token": "",
              "twilio_phone_number": "",
              "twilio_sid": ""
            },
            "portal_allowed_hostnames": [],
            "portal_allowed_subnets": [],
            "portal_api_secret": null,
            "portal_denied_hostnames": [],
            "portal_image": "https://api.mist.com/api/v1/forward/download?jwt=eyJ0eXAiOiJKV1QiLCJhbGciOiJIUzI1NiJ9.eyJrZXkiOiJwb3J0YWxfaW1hZ2UvOGM1OWJmNzgtNGJhNi00MmQ4LTg0M2EtNWQ0MzUyNTdkMmI0LmpwZWciLCJleHAiOjE3MjY3ODEyMzN9.6VZfs6dksQnQk25FMncc1K2APqnB2coX7q937CEOO-w",
            "portal_sso_url": null,
            "portal_template_url": "https://s3.us-east-1.amazonaws.com/papi-production/portal_template/8c59bf78-4ba6-42d8-843a-5d435257d2b4.json?X-Amz-Algorithm=AWS4-HMAC-SHA256\u0026X-Amz-Credential=ASIAZTT3NFULP4BPTIMV%2F20240919%2Fus-east-1%2Fs3%2Faws4_request\u0026X-Amz-Date=20240919T202713Z\u0026X-Amz-Expires=3600\u0026X-Amz-SignedHeaders=host\u0026X-Amz-Security-Token=IQoJb3JpZ2luX2VjECkaCXVzLXdlc3QtMSJHMEUCIDOPrupNc8BH5oN5g1%2FJtQ0dQSqSrKVrBImfTjKvSohOAiEAtKs4%2BAGcUZdAySl5%2BCJRi%2F31jmNPv3%2B%2BEg8GVcWCzzgqsQUIYhAFGgw2NjA2MTAwMzQ5NjYiDKgvN%2FKPe3IDnAcjLSqOBUX18Uv4DPihBRbjU1TyqvzDYDWfTfcFwwhtJ65zW4XIhdyL2L4D%2BiailkmDbFetUzkoQKNyFEqY%2BCU7Vrn63sjN69V5Zh7lC4QqtQ6e%2BPYbHOcDyGLFtOb%2FuKJ3lO9CBysx3ZqKQzbqwTS9CZFyGPv%2FgMccNfxfJgPeecfxNb2PH6Gl303f84M76kGKnIfWxkoSByxE1%2B4S3%2Fx3cWFAiExfrE4c9r1VcTAyM9dr4ZYbgFdcKFfVx45dsiQ8OtvV4gdIym5SGO3XGRklIsx6XfcAQM77Ec1f%2FTsNsdP%2BvPohyNy%2FQZ96kKK4Hr7MTgfW4yksiZ2DVKgNUemIdXtT68aIr9hWSz7U0%2BtV2HcBXZ1ICyZ5K2enjEcz39WHDRvKPZ2yDG8q1rhC2CYyYr7m3YIbyZLBJFLILnMaIJIVZ1SEMe19%2B3Cqbv5qKEyEFs12n7YDn%2FNvXT4NpTJ3qIYJyOcwa%2FdWTaUEkNRNBh548N3Y2W%2FbXk93mBQTFakjPY2j3Kc%2B0BLKBd29gQBoW84d2mPr67NlGYGHlRlPGVM4HjxAxIgAhpz0XPdpyKXUNG6cSjSWevV8gi6ffZwBCXi9M0SOVey9qqLwrc1k%2B%2Fow0KGMq8UZq2TQ4PwItQYESWKeLrRGYclaBFPO7xx%2B4dOOoywHP4zp2AxZa1DqSOtO08bYrJc509G3xRR%2Bh7BpxVceKBXNnqLAv%2FP%2BgPjpuSXPj9RRrzEbJe3zFak7b4yjtKxzip83Z8aTQSsCYsGbzYDZnDUjqZhRE5hublO8SXQcNYm5WIh6Aduk4LasZcEzIutHJVmTpj0Trb0e%2BMiQeK8%2BvGm04gvfQpgTpzO%2B7%2BfAvTXwGhpTs9O9Iy3Cl4kCsjCrrbG3BjqxAVxJZZGRxLZnzpJQvVyxtolz1jS%2FFjdMyA0JR0%2Bq0PeFBrk0H7O0cqbdCe9qaCxBblB8tyuih6s2mXpkDIuP%2BWpD3rVYsfE9JgzaQ0Ogv9gbrdUs0o%2B44xjEXPzy5ZmOvRbwB2QfDUcQGdwD5P%2BBFwcYsOpwXLPbKe13MhpTyhyHCFYcVH1QLKL7m4Z8ydDBMIYQ4ponbtFLPC0g2JhQJ4Ckar%2BCkq9JT6O6KdSFEnW0Fg%3D%3D\u0026X-Amz-Signature=10a79da5397d795e0cecc3fc226827fdd918b1b14ddf61945129f3bff6c1bf89",
            "qos": null,
            "radsec": null,
            "roam_mode": "NONE",
            "schedule": null,
            "sle_excluded": false,
            "ssid": "test",
            "template_id": "2d738124-01dd-4249-b3b9-34beca91ac28",
            "thumbnail": "https://api.mist.com/api/v1/forward/download?jwt=eyJ0eXAiOiJKV1QiLCJhbGciOiJIUzI1NiJ9.eyJrZXkiOiJwb3J0YWxfaW1hZ2VfdGh1bWJuYWlsLzhjNTliZjc4LTRiYTYtNDJkOC04NDNhLTVkNDM1MjU3ZDJiNC5qcGVnIiwiZXhwIjoxNzI2NzgxMjMzfQ.ZgKpRwWPG2NlHLUYmPUXI_yhn29xVYK_k1ocsxvDfNE",
            "use_eapol_v1": false,
            "vlan_enabled": true,
            "vlan_id": "160",
            "vlan_ids": [],
            "vlan_pooling": false,
            "wlan_limit_down": 0,
            "wlan_limit_down_enabled": false,
            "wlan_limit_up": 0,
            "wlan_limit_up_enabled": false,
            "wxtag_ids": [],
            "wxtunnel_id": "",
            "wxtunnel_remote_id": ""
          },
          "sensitive_attributes": [
            [
              {
                "type": "get_attr",
                "value": "portal"
              },
              {
                "type": "get_attr",
                "value": "broadnet_password"
              }
            ],
            [
              {
                "type": "get_attr",
                "value": "portal"
              },
              {
                "type": "get_attr",
                "value": "password"
              }
            ],
            [
              {
                "type": "get_attr",
                "value": "portal"
              },
              {
                "type": "get_attr",
                "value": "gupshup_password"
              }
            ],
            [
              {
                "type": "get_attr",
                "value": "portal"
              },
              {
                "type": "get_attr",
                "value": "puzzel_password"
              }
            ],
            [
              {
                "type": "get_attr",
                "value": "auth"
              },
              {
                "type": "get_attr",
                "value": "psk"
              }
            ]
          ],
          "dependencies": [
            "mist_org.terraform_test",
            "mist_org_wlantemplate.wlantemplate_one"
          ]
        }
      ]
    },
    {
      "mode": "managed",
      "type": "mist_org_wlan_portal_image",
      "name": "image1",
      "provider": "provider[\"registry.terraform.io/juniper/mist\"]",
      "instances": [
        {
          "schema_version": 0,
          "attributes": {
            "file": "/Users/tmunzer/OneDrive/data/demo/IMG_0049.jpg",
            "org_id": "992bf4b9-c900-4850-9992-107b2f9df928",
            "wlan_id": "8c59bf78-4ba6-42d8-843a-5d435257d2b4"
          },
          "sensitive_attributes": [],
          "dependencies": [
            "mist_org.terraform_test",
            "mist_org_wlan.test_open",
            "mist_org_wlantemplate.wlantemplate_one"
          ]
        }
      ]
    },
    {
      "mode": "managed",
      "type": "mist_org_wlan_portal_template",
      "name": "test",
      "provider": "provider[\"registry.terraform.io/juniper/mist\"]",
      "instances": [
        {
          "schema_version": 0,
          "attributes": {
            "org_id": "992bf4b9-c900-4850-9992-107b2f9df928",
            "portal_template": {
              "access_code_alternate_email": "Use alternate email address",
              "alignment": "right",
              "auth_button_amazon": "Sign in with Amazon",
              "auth_button_azure": "Sign in with Azure",
              "auth_button_email": "Sign in with Email",
              "auth_button_facebook": "Sign in with Facebook",
              "auth_button_google": "Sign in with Google",
              "auth_button_microsoft": "Sign in with Microsoft",
              "auth_button_passphrase": "Sign in with Passphrase",
              "auth_button_sms": "Sign in with Text Message",
              "auth_button_sponsor": "Sign in as Guest",
              "auth_label": "Connect to WiFi with",
              "back_link": "Back to Sign In",
              "color": "#1074bc",
              "color_dark": "#0b5183",
              "color_light": "#3589c6",
              "company": false,
              "company_error": "Please provide your company name",
              "company_label": "Company",
              "email": true,
              "email_access_domain_error": "Email Access Domain Error",
              "email_cancel": "Cancel",
              "email_code_cancel": "I did not receive the code",
              "email_code_error": "Please provide valid alternate email",
              "email_code_field_label": "Access Code",
              "email_code_message": "Enter the access number that was sent to your email address.",
              "email_code_submit": "Sign In",
              "email_code_title": "Access Code",
              "email_error": "Please provide valid email",
              "email_field_label": "Enter your email address",
              "email_label": "Email",
              "email_message": "We will email you an authentication code which you can use to connect to the WiFi network.",
              "email_submit": "Send Access Code",
              "email_title": "Sign in with Email",
              "field1": false,
              "field1error": "Please provide Custom Field 1",
              "field1label": "Custom Field 1",
              "field1required": false,
              "field2": false,
              "field2error": "Please provide Custom Field 2",
              "field2label": "Custom Field 2",
              "field2required": false,
              "field3": false,
              "field3error": "Please provide Custom Field 3",
              "field3label": "Custom Field 3",
              "field3required": false,
              "field4": false,
              "field4error": "Please provide Custom Field 4",
              "field4label": "Custom Field 4",
              "field4required": null,
              "locales": {
                "ar": {
                  "auth_button_amazon": null,
                  "auth_button_azure": null,
                  "auth_button_email": null,
                  "auth_button_facebook": null,
                  "auth_button_google": null,
                  "auth_button_microsoft": null,
                  "auth_button_passphrase": null,
                  "auth_button_sms": null,
                  "auth_button_sponsor": null,
                  "auth_label": null,
                  "back_link": null,
                  "company_error": null,
                  "company_label": null,
                  "email_access_domain_error": null,
                  "email_cancel": null,
                  "email_code_cancel": null,
                  "email_code_error": null,
                  "email_code_field_label": null,
                  "email_code_message": null,
                  "email_code_submit": null,
                  "email_code_title": null,
                  "email_error": null,
                  "email_field_label": null,
                  "email_label": null,
                  "email_message": null,
                  "email_submit": null,
                  "email_title": null,
                  "field1error": null,
                  "field1label": null,
                  "field2error": null,
                  "field2label": null,
                  "field3error": null,
                  "field3label": null,
                  "field4error": null,
                  "field4label": null,
                  "message": null,
                  "name_error": null,
                  "name_label": null,
                  "optout_label": null,
                  "page_title": null,
                  "passphrase_cancel": null,
                  "passphrase_error": null,
                  "passphrase_label": null,
                  "passphrase_message": null,
                  "passphrase_submit": null,
                  "passphrase_title": null,
                  "privacy_policy_accept_label": null,
                  "privacy_policy_error": null,
                  "privacy_policy_link": null,
                  "privacy_policy_text": null,
                  "required_field_label": null,
                  "sign_in_label": null,
                  "sms_carrier_default": null,
                  "sms_carrier_error": null,
                  "sms_carrier_field_label": null,
                  "sms_code_cancel": null,
                  "sms_code_error": null,
                  "sms_code_field_label": null,
                  "sms_code_message": null,
                  "sms_code_submit": null,
                  "sms_code_title": null,
                  "sms_country_field_label": null,
                  "sms_country_format": null,
                  "sms_have_access_code": "a",
                  "sms_message_format": null,
                  "sms_number_cancel": null,
                  "sms_number_error": null,
                  "sms_number_field_label": null,
                  "sms_number_format": null,
                  "sms_number_message": null,
                  "sms_number_submit": null,
                  "sms_number_title": null,
                  "sms_username_format": null,
                  "sponsor_back_link": null,
                  "sponsor_cancel": null,
                  "sponsor_email": null,
                  "sponsor_email_error": null,
                  "sponsor_info_approved": null,
                  "sponsor_info_denied": null,
                  "sponsor_info_pending": null,
                  "sponsor_name": null,
                  "sponsor_name_error": null,
                  "sponsor_note_pending": null,
                  "sponsor_request_access": null,
                  "sponsor_status_approved": null,
                  "sponsor_status_denied": null,
                  "sponsor_status_pending": null,
                  "sponsor_submit": null,
                  "sponsors_error": null,
                  "sponsors_field_label": null,
                  "tos_accept_label": null,
                  "tos_error": null,
                  "tos_link": null,
                  "tos_text": null
                },
                "ca-ES": {
                  "auth_button_amazon": null,
                  "auth_button_azure": null,
                  "auth_button_email": null,
                  "auth_button_facebook": null,
                  "auth_button_google": null,
                  "auth_button_microsoft": null,
                  "auth_button_passphrase": null,
                  "auth_button_sms": null,
                  "auth_button_sponsor": null,
                  "auth_label": null,
                  "back_link": null,
                  "company_error": null,
                  "company_label": null,
                  "email_access_domain_error": null,
                  "email_cancel": null,
                  "email_code_cancel": null,
                  "email_code_error": null,
                  "email_code_field_label": null,
                  "email_code_message": null,
                  "email_code_submit": null,
                  "email_code_title": null,
                  "email_error": null,
                  "email_field_label": null,
                  "email_label": null,
                  "email_message": null,
                  "email_submit": null,
                  "email_title": null,
                  "field1error": null,
                  "field1label": null,
                  "field2error": null,
                  "field2label": null,
                  "field3error": null,
                  "field3label": null,
                  "field4error": null,
                  "field4label": null,
                  "message": null,
                  "name_error": null,
                  "name_label": null,
                  "optout_label": null,
                  "page_title": null,
                  "passphrase_cancel": null,
                  "passphrase_error": null,
                  "passphrase_label": null,
                  "passphrase_message": null,
                  "passphrase_submit": null,
                  "passphrase_title": null,
                  "privacy_policy_accept_label": null,
                  "privacy_policy_error": null,
                  "privacy_policy_link": null,
                  "privacy_policy_text": null,
                  "required_field_label": null,
                  "sign_in_label": null,
                  "sms_carrier_default": null,
                  "sms_carrier_error": null,
                  "sms_carrier_field_label": null,
                  "sms_code_cancel": null,
                  "sms_code_error": null,
                  "sms_code_field_label": null,
                  "sms_code_message": null,
                  "sms_code_submit": null,
                  "sms_code_title": null,
                  "sms_country_field_label": null,
                  "sms_country_format": null,
                  "sms_have_access_code": "a",
                  "sms_message_format": null,
                  "sms_number_cancel": null,
                  "sms_number_error": null,
                  "sms_number_field_label": null,
                  "sms_number_format": null,
                  "sms_number_message": null,
                  "sms_number_submit": null,
                  "sms_number_title": null,
                  "sms_username_format": null,
                  "sponsor_back_link": null,
                  "sponsor_cancel": null,
                  "sponsor_email": null,
                  "sponsor_email_error": null,
                  "sponsor_info_approved": null,
                  "sponsor_info_denied": null,
                  "sponsor_info_pending": null,
                  "sponsor_name": null,
                  "sponsor_name_error": null,
                  "sponsor_note_pending": null,
                  "sponsor_request_access": null,
                  "sponsor_status_approved": null,
                  "sponsor_status_denied": null,
                  "sponsor_status_pending": null,
                  "sponsor_submit": null,
                  "sponsors_error": null,
                  "sponsors_field_label": null,
                  "tos_accept_label": null,
                  "tos_error": null,
                  "tos_link": null,
                  "tos_text": null
                },
                "cs-CZ": {
                  "auth_button_amazon": null,
                  "auth_button_azure": null,
                  "auth_button_email": null,
                  "auth_button_facebook": null,
                  "auth_button_google": null,
                  "auth_button_microsoft": null,
                  "auth_button_passphrase": null,
                  "auth_button_sms": null,
                  "auth_button_sponsor": null,
                  "auth_label": null,
                  "back_link": null,
                  "company_error": null,
                  "company_label": null,
                  "email_access_domain_error": null,
                  "email_cancel": null,
                  "email_code_cancel": null,
                  "email_code_error": null,
                  "email_code_field_label": null,
                  "email_code_message": null,
                  "email_code_submit": null,
                  "email_code_title": null,
                  "email_error": null,
                  "email_field_label": null,
                  "email_label": null,
                  "email_message": null,
                  "email_submit": null,
                  "email_title": null,
                  "field1error": null,
                  "field1label": null,
                  "field2error": null,
                  "field2label": null,
                  "field3error": null,
                  "field3label": null,
                  "field4error": null,
                  "field4label": null,
                  "message": null,
                  "name_error": null,
                  "name_label": null,
                  "optout_label": null,
                  "page_title": null,
                  "passphrase_cancel": null,
                  "passphrase_error": null,
                  "passphrase_label": null,
                  "passphrase_message": null,
                  "passphrase_submit": null,
                  "passphrase_title": null,
                  "privacy_policy_accept_label": null,
                  "privacy_policy_error": null,
                  "privacy_policy_link": null,
                  "privacy_policy_text": null,
                  "required_field_label": null,
                  "sign_in_label": null,
                  "sms_carrier_default": null,
                  "sms_carrier_error": null,
                  "sms_carrier_field_label": null,
                  "sms_code_cancel": null,
                  "sms_code_error": null,
                  "sms_code_field_label": null,
                  "sms_code_message": null,
                  "sms_code_submit": null,
                  "sms_code_title": null,
                  "sms_country_field_label": null,
                  "sms_country_format": null,
                  "sms_have_access_code": "a",
                  "sms_message_format": null,
                  "sms_number_cancel": null,
                  "sms_number_error": null,
                  "sms_number_field_label": null,
                  "sms_number_format": null,
                  "sms_number_message": null,
                  "sms_number_submit": null,
                  "sms_number_title": null,
                  "sms_username_format": null,
                  "sponsor_back_link": null,
                  "sponsor_cancel": null,
                  "sponsor_email": null,
                  "sponsor_email_error": null,
                  "sponsor_info_approved": null,
                  "sponsor_info_denied": null,
                  "sponsor_info_pending": null,
                  "sponsor_name": null,
                  "sponsor_name_error": null,
                  "sponsor_note_pending": null,
                  "sponsor_request_access": null,
                  "sponsor_status_approved": null,
                  "sponsor_status_denied": null,
                  "sponsor_status_pending": null,
                  "sponsor_submit": null,
                  "sponsors_error": null,
                  "sponsors_field_label": null,
                  "tos_accept_label": null,
                  "tos_error": null,
                  "tos_link": null,
                  "tos_text": null
                },
                "da-DK": {
                  "auth_button_amazon": null,
                  "auth_button_azure": null,
                  "auth_button_email": null,
                  "auth_button_facebook": null,
                  "auth_button_google": null,
                  "auth_button_microsoft": null,
                  "auth_button_passphrase": null,
                  "auth_button_sms": null,
                  "auth_button_sponsor": null,
                  "auth_label": null,
                  "back_link": null,
                  "company_error": null,
                  "company_label": null,
                  "email_access_domain_error": null,
                  "email_cancel": null,
                  "email_code_cancel": null,
                  "email_code_error": null,
                  "email_code_field_label": null,
                  "email_code_message": null,
                  "email_code_submit": null,
                  "email_code_title": null,
                  "email_error": null,
                  "email_field_label": null,
                  "email_label": null,
                  "email_message": null,
                  "email_submit": null,
                  "email_title": null,
                  "field1error": null,
                  "field1label": null,
                  "field2error": null,
                  "field2label": null,
                  "field3error": null,
                  "field3label": null,
                  "field4error": null,
                  "field4label": null,
                  "message": null,
                  "name_error": null,
                  "name_label": null,
                  "optout_label": null,
                  "page_title": null,
                  "passphrase_cancel": null,
                  "passphrase_error": null,
                  "passphrase_label": null,
                  "passphrase_message": null,
                  "passphrase_submit": null,
                  "passphrase_title": null,
                  "privacy_policy_accept_label": null,
                  "privacy_policy_error": null,
                  "privacy_policy_link": null,
                  "privacy_policy_text": null,
                  "required_field_label": null,
                  "sign_in_label": null,
                  "sms_carrier_default": null,
                  "sms_carrier_error": null,
                  "sms_carrier_field_label": null,
                  "sms_code_cancel": null,
                  "sms_code_error": null,
                  "sms_code_field_label": null,
                  "sms_code_message": null,
                  "sms_code_submit": null,
                  "sms_code_title": null,
                  "sms_country_field_label": null,
                  "sms_country_format": null,
                  "sms_have_access_code": "a",
                  "sms_message_format": null,
                  "sms_number_cancel": null,
                  "sms_number_error": null,
                  "sms_number_field_label": null,
                  "sms_number_format": null,
                  "sms_number_message": null,
                  "sms_number_submit": null,
                  "sms_number_title": null,
                  "sms_username_format": null,
                  "sponsor_back_link": null,
                  "sponsor_cancel": null,
                  "sponsor_email": null,
                  "sponsor_email_error": null,
                  "sponsor_info_approved": null,
                  "sponsor_info_denied": null,
                  "sponsor_info_pending": null,
                  "sponsor_name": null,
                  "sponsor_name_error": null,
                  "sponsor_note_pending": null,
                  "sponsor_request_access": null,
                  "sponsor_status_approved": null,
                  "sponsor_status_denied": null,
                  "sponsor_status_pending": null,
                  "sponsor_submit": null,
                  "sponsors_error": null,
                  "sponsors_field_label": null,
                  "tos_accept_label": null,
                  "tos_error": null,
                  "tos_link": null,
                  "tos_text": null
                },
                "de-DE": {
                  "auth_button_amazon": null,
                  "auth_button_azure": null,
                  "auth_button_email": null,
                  "auth_button_facebook": null,
                  "auth_button_google": null,
                  "auth_button_microsoft": null,
                  "auth_button_passphrase": null,
                  "auth_button_sms": null,
                  "auth_button_sponsor": null,
                  "auth_label": null,
                  "back_link": null,
                  "company_error": null,
                  "company_label": null,
                  "email_access_domain_error": null,
                  "email_cancel": null,
                  "email_code_cancel": null,
                  "email_code_error": null,
                  "email_code_field_label": null,
                  "email_code_message": null,
                  "email_code_submit": null,
                  "email_code_title": null,
                  "email_error": null,
                  "email_field_label": null,
                  "email_label": null,
                  "email_message": null,
                  "email_submit": null,
                  "email_title": null,
                  "field1error": null,
                  "field1label": null,
                  "field2error": null,
                  "field2label": null,
                  "field3error": null,
                  "field3label": null,
                  "field4error": null,
                  "field4label": null,
                  "message": null,
                  "name_error": null,
                  "name_label": null,
                  "optout_label": null,
                  "page_title": null,
                  "passphrase_cancel": null,
                  "passphrase_error": null,
                  "passphrase_label": null,
                  "passphrase_message": null,
                  "passphrase_submit": null,
                  "passphrase_title": null,
                  "privacy_policy_accept_label": null,
                  "privacy_policy_error": null,
                  "privacy_policy_link": null,
                  "privacy_policy_text": null,
                  "required_field_label": null,
                  "sign_in_label": null,
                  "sms_carrier_default": null,
                  "sms_carrier_error": null,
                  "sms_carrier_field_label": null,
                  "sms_code_cancel": null,
                  "sms_code_error": null,
                  "sms_code_field_label": null,
                  "sms_code_message": null,
                  "sms_code_submit": null,
                  "sms_code_title": null,
                  "sms_country_field_label": null,
                  "sms_country_format": null,
                  "sms_have_access_code": "a",
                  "sms_message_format": null,
                  "sms_number_cancel": null,
                  "sms_number_error": null,
                  "sms_number_field_label": null,
                  "sms_number_format": null,
                  "sms_number_message": null,
                  "sms_number_submit": null,
                  "sms_number_title": null,
                  "sms_username_format": null,
                  "sponsor_back_link": null,
                  "sponsor_cancel": null,
                  "sponsor_email": null,
                  "sponsor_email_error": null,
                  "sponsor_info_approved": null,
                  "sponsor_info_denied": null,
                  "sponsor_info_pending": null,
                  "sponsor_name": null,
                  "sponsor_name_error": null,
                  "sponsor_note_pending": null,
                  "sponsor_request_access": null,
                  "sponsor_status_approved": null,
                  "sponsor_status_denied": null,
                  "sponsor_status_pending": null,
                  "sponsor_submit": null,
                  "sponsors_error": null,
                  "sponsors_field_label": null,
                  "tos_accept_label": null,
                  "tos_error": null,
                  "tos_link": null,
                  "tos_text": null
                },
                "el-GR": {
                  "auth_button_amazon": null,
                  "auth_button_azure": null,
                  "auth_button_email": null,
                  "auth_button_facebook": null,
                  "auth_button_google": null,
                  "auth_button_microsoft": null,
                  "auth_button_passphrase": null,
                  "auth_button_sms": null,
                  "auth_button_sponsor": null,
                  "auth_label": null,
                  "back_link": null,
                  "company_error": null,
                  "company_label": null,
                  "email_access_domain_error": null,
                  "email_cancel": null,
                  "email_code_cancel": null,
                  "email_code_error": null,
                  "email_code_field_label": null,
                  "email_code_message": null,
                  "email_code_submit": null,
                  "email_code_title": null,
                  "email_error": null,
                  "email_field_label": null,
                  "email_label": null,
                  "email_message": null,
                  "email_submit": null,
                  "email_title": null,
                  "field1error": null,
                  "field1label": null,
                  "field2error": null,
                  "field2label": null,
                  "field3error": null,
                  "field3label": null,
                  "field4error": null,
                  "field4label": null,
                  "message": null,
                  "name_error": null,
                  "name_label": null,
                  "optout_label": null,
                  "page_title": null,
                  "passphrase_cancel": null,
                  "passphrase_error": null,
                  "passphrase_label": null,
                  "passphrase_message": null,
                  "passphrase_submit": null,
                  "passphrase_title": null,
                  "privacy_policy_accept_label": null,
                  "privacy_policy_error": null,
                  "privacy_policy_link": null,
                  "privacy_policy_text": null,
                  "required_field_label": null,
                  "sign_in_label": null,
                  "sms_carrier_default": null,
                  "sms_carrier_error": null,
                  "sms_carrier_field_label": null,
                  "sms_code_cancel": null,
                  "sms_code_error": null,
                  "sms_code_field_label": null,
                  "sms_code_message": null,
                  "sms_code_submit": null,
                  "sms_code_title": null,
                  "sms_country_field_label": null,
                  "sms_country_format": null,
                  "sms_have_access_code": "a",
                  "sms_message_format": null,
                  "sms_number_cancel": null,
                  "sms_number_error": null,
                  "sms_number_field_label": null,
                  "sms_number_format": null,
                  "sms_number_message": null,
                  "sms_number_submit": null,
                  "sms_number_title": null,
                  "sms_username_format": null,
                  "sponsor_back_link": null,
                  "sponsor_cancel": null,
                  "sponsor_email": null,
                  "sponsor_email_error": null,
                  "sponsor_info_approved": null,
                  "sponsor_info_denied": null,
                  "sponsor_info_pending": null,
                  "sponsor_name": null,
                  "sponsor_name_error": null,
                  "sponsor_note_pending": null,
                  "sponsor_request_access": null,
                  "sponsor_status_approved": null,
                  "sponsor_status_denied": null,
                  "sponsor_status_pending": null,
                  "sponsor_submit": null,
                  "sponsors_error": null,
                  "sponsors_field_label": null,
                  "tos_accept_label": null,
                  "tos_error": null,
                  "tos_link": null,
                  "tos_text": null
                },
                "en-GB": {
                  "auth_button_amazon": null,
                  "auth_button_azure": null,
                  "auth_button_email": null,
                  "auth_button_facebook": null,
                  "auth_button_google": null,
                  "auth_button_microsoft": null,
                  "auth_button_passphrase": null,
                  "auth_button_sms": null,
                  "auth_button_sponsor": null,
                  "auth_label": null,
                  "back_link": null,
                  "company_error": null,
                  "company_label": null,
                  "email_access_domain_error": null,
                  "email_cancel": null,
                  "email_code_cancel": null,
                  "email_code_error": null,
                  "email_code_field_label": null,
                  "email_code_message": null,
                  "email_code_submit": null,
                  "email_code_title": null,
                  "email_error": null,
                  "email_field_label": null,
                  "email_label": null,
                  "email_message": null,
                  "email_submit": null,
                  "email_title": null,
                  "field1error": null,
                  "field1label": null,
                  "field2error": null,
                  "field2label": null,
                  "field3error": null,
                  "field3label": null,
                  "field4error": null,
                  "field4label": null,
                  "message": null,
                  "name_error": null,
                  "name_label": null,
                  "optout_label": null,
                  "page_title": null,
                  "passphrase_cancel": null,
                  "passphrase_error": null,
                  "passphrase_label": null,
                  "passphrase_message": null,
                  "passphrase_submit": null,
                  "passphrase_title": null,
                  "privacy_policy_accept_label": null,
                  "privacy_policy_error": null,
                  "privacy_policy_link": null,
                  "privacy_policy_text": null,
                  "required_field_label": null,
                  "sign_in_label": null,
                  "sms_carrier_default": null,
                  "sms_carrier_error": null,
                  "sms_carrier_field_label": null,
                  "sms_code_cancel": null,
                  "sms_code_error": null,
                  "sms_code_field_label": null,
                  "sms_code_message": null,
                  "sms_code_submit": null,
                  "sms_code_title": null,
                  "sms_country_field_label": null,
                  "sms_country_format": null,
                  "sms_have_access_code": "a",
                  "sms_message_format": null,
                  "sms_number_cancel": null,
                  "sms_number_error": null,
                  "sms_number_field_label": null,
                  "sms_number_format": null,
                  "sms_number_message": null,
                  "sms_number_submit": null,
                  "sms_number_title": null,
                  "sms_username_format": null,
                  "sponsor_back_link": null,
                  "sponsor_cancel": null,
                  "sponsor_email": null,
                  "sponsor_email_error": null,
                  "sponsor_info_approved": null,
                  "sponsor_info_denied": null,
                  "sponsor_info_pending": null,
                  "sponsor_name": null,
                  "sponsor_name_error": null,
                  "sponsor_note_pending": null,
                  "sponsor_request_access": null,
                  "sponsor_status_approved": null,
                  "sponsor_status_denied": null,
                  "sponsor_status_pending": null,
                  "sponsor_submit": null,
                  "sponsors_error": null,
                  "sponsors_field_label": null,
                  "tos_accept_label": null,
                  "tos_error": null,
                  "tos_link": null,
                  "tos_text": null
                },
                "en-US": {
                  "auth_button_amazon": null,
                  "auth_button_azure": null,
                  "auth_button_email": null,
                  "auth_button_facebook": null,
                  "auth_button_google": null,
                  "auth_button_microsoft": null,
                  "auth_button_passphrase": null,
                  "auth_button_sms": null,
                  "auth_button_sponsor": null,
                  "auth_label": null,
                  "back_link": null,
                  "company_error": null,
                  "company_label": null,
                  "email_access_domain_error": null,
                  "email_cancel": null,
                  "email_code_cancel": null,
                  "email_code_error": null,
                  "email_code_field_label": null,
                  "email_code_message": null,
                  "email_code_submit": null,
                  "email_code_title": null,
                  "email_error": null,
                  "email_field_label": null,
                  "email_label": null,
                  "email_message": null,
                  "email_submit": null,
                  "email_title": null,
                  "field1error": null,
                  "field1label": null,
                  "field2error": null,
                  "field2label": null,
                  "field3error": null,
                  "field3label": null,
                  "field4error": null,
                  "field4label": null,
                  "message": null,
                  "name_error": null,
                  "name_label": null,
                  "optout_label": null,
                  "page_title": null,
                  "passphrase_cancel": null,
                  "passphrase_error": null,
                  "passphrase_label": null,
                  "passphrase_message": null,
                  "passphrase_submit": null,
                  "passphrase_title": null,
                  "privacy_policy_accept_label": null,
                  "privacy_policy_error": null,
                  "privacy_policy_link": null,
                  "privacy_policy_text": null,
                  "required_field_label": null,
                  "sign_in_label": null,
                  "sms_carrier_default": null,
                  "sms_carrier_error": null,
                  "sms_carrier_field_label": null,
                  "sms_code_cancel": null,
                  "sms_code_error": null,
                  "sms_code_field_label": null,
                  "sms_code_message": null,
                  "sms_code_submit": null,
                  "sms_code_title": null,
                  "sms_country_field_label": null,
                  "sms_country_format": null,
                  "sms_have_access_code": "a",
                  "sms_message_format": null,
                  "sms_number_cancel": null,
                  "sms_number_error": null,
                  "sms_number_field_label": null,
                  "sms_number_format": null,
                  "sms_number_message": null,
                  "sms_number_submit": null,
                  "sms_number_title": null,
                  "sms_username_format": null,
                  "sponsor_back_link": null,
                  "sponsor_cancel": null,
                  "sponsor_email": null,
                  "sponsor_email_error": null,
                  "sponsor_info_approved": null,
                  "sponsor_info_denied": null,
                  "sponsor_info_pending": null,
                  "sponsor_name": null,
                  "sponsor_name_error": null,
                  "sponsor_note_pending": null,
                  "sponsor_request_access": null,
                  "sponsor_status_approved": null,
                  "sponsor_status_denied": null,
                  "sponsor_status_pending": null,
                  "sponsor_submit": null,
                  "sponsors_error": null,
                  "sponsors_field_label": null,
                  "tos_accept_label": null,
                  "tos_error": null,
                  "tos_link": null,
                  "tos_text": null
                },
                "es-ES": {
                  "auth_button_amazon": null,
                  "auth_button_azure": null,
                  "auth_button_email": null,
                  "auth_button_facebook": null,
                  "auth_button_google": null,
                  "auth_button_microsoft": null,
                  "auth_button_passphrase": null,
                  "auth_button_sms": null,
                  "auth_button_sponsor": null,
                  "auth_label": null,
                  "back_link": null,
                  "company_error": null,
                  "company_label": null,
                  "email_access_domain_error": null,
                  "email_cancel": null,
                  "email_code_cancel": null,
                  "email_code_error": null,
                  "email_code_field_label": null,
                  "email_code_message": null,
                  "email_code_submit": null,
                  "email_code_title": null,
                  "email_error": null,
                  "email_field_label": null,
                  "email_label": null,
                  "email_message": null,
                  "email_submit": null,
                  "email_title": null,
                  "field1error": null,
                  "field1label": null,
                  "field2error": null,
                  "field2label": null,
                  "field3error": null,
                  "field3label": null,
                  "field4error": null,
                  "field4label": null,
                  "message": null,
                  "name_error": null,
                  "name_label": null,
                  "optout_label": null,
                  "page_title": null,
                  "passphrase_cancel": null,
                  "passphrase_error": null,
                  "passphrase_label": null,
                  "passphrase_message": null,
                  "passphrase_submit": null,
                  "passphrase_title": null,
                  "privacy_policy_accept_label": null,
                  "privacy_policy_error": null,
                  "privacy_policy_link": null,
                  "privacy_policy_text": null,
                  "required_field_label": null,
                  "sign_in_label": null,
                  "sms_carrier_default": null,
                  "sms_carrier_error": null,
                  "sms_carrier_field_label": null,
                  "sms_code_cancel": null,
                  "sms_code_error": null,
                  "sms_code_field_label": null,
                  "sms_code_message": null,
                  "sms_code_submit": null,
                  "sms_code_title": null,
                  "sms_country_field_label": null,
                  "sms_country_format": null,
                  "sms_have_access_code": "a",
                  "sms_message_format": null,
                  "sms_number_cancel": null,
                  "sms_number_error": null,
                  "sms_number_field_label": null,
                  "sms_number_format": null,
                  "sms_number_message": null,
                  "sms_number_submit": null,
                  "sms_number_title": null,
                  "sms_username_format": null,
                  "sponsor_back_link": null,
                  "sponsor_cancel": null,
                  "sponsor_email": null,
                  "sponsor_email_error": null,
                  "sponsor_info_approved": null,
                  "sponsor_info_denied": null,
                  "sponsor_info_pending": null,
                  "sponsor_name": null,
                  "sponsor_name_error": null,
                  "sponsor_note_pending": null,
                  "sponsor_request_access": null,
                  "sponsor_status_approved": null,
                  "sponsor_status_denied": null,
                  "sponsor_status_pending": null,
                  "sponsor_submit": null,
                  "sponsors_error": null,
                  "sponsors_field_label": null,
                  "tos_accept_label": null,
                  "tos_error": null,
                  "tos_link": null,
                  "tos_text": null
                },
                "fi-FI": {
                  "auth_button_amazon": null,
                  "auth_button_azure": null,
                  "auth_button_email": null,
                  "auth_button_facebook": null,
                  "auth_button_google": null,
                  "auth_button_microsoft": null,
                  "auth_button_passphrase": null,
                  "auth_button_sms": null,
                  "auth_button_sponsor": null,
                  "auth_label": null,
                  "back_link": null,
                  "company_error": null,
                  "company_label": null,
                  "email_access_domain_error": null,
                  "email_cancel": null,
                  "email_code_cancel": null,
                  "email_code_error": null,
                  "email_code_field_label": null,
                  "email_code_message": null,
                  "email_code_submit": null,
                  "email_code_title": null,
                  "email_error": null,
                  "email_field_label": null,
                  "email_label": null,
                  "email_message": null,
                  "email_submit": null,
                  "email_title": null,
                  "field1error": null,
                  "field1label": null,
                  "field2error": null,
                  "field2label": null,
                  "field3error": null,
                  "field3label": null,
                  "field4error": null,
                  "field4label": null,
                  "message": null,
                  "name_error": null,
                  "name_label": null,
                  "optout_label": null,
                  "page_title": null,
                  "passphrase_cancel": null,
                  "passphrase_error": null,
                  "passphrase_label": null,
                  "passphrase_message": null,
                  "passphrase_submit": null,
                  "passphrase_title": null,
                  "privacy_policy_accept_label": null,
                  "privacy_policy_error": null,
                  "privacy_policy_link": null,
                  "privacy_policy_text": null,
                  "required_field_label": null,
                  "sign_in_label": null,
                  "sms_carrier_default": null,
                  "sms_carrier_error": null,
                  "sms_carrier_field_label": null,
                  "sms_code_cancel": null,
                  "sms_code_error": null,
                  "sms_code_field_label": null,
                  "sms_code_message": null,
                  "sms_code_submit": null,
                  "sms_code_title": null,
                  "sms_country_field_label": null,
                  "sms_country_format": null,
                  "sms_have_access_code": "a",
                  "sms_message_format": null,
                  "sms_number_cancel": null,
                  "sms_number_error": null,
                  "sms_number_field_label": null,
                  "sms_number_format": null,
                  "sms_number_message": null,
                  "sms_number_submit": null,
                  "sms_number_title": null,
                  "sms_username_format": null,
                  "sponsor_back_link": null,
                  "sponsor_cancel": null,
                  "sponsor_email": null,
                  "sponsor_email_error": null,
                  "sponsor_info_approved": null,
                  "sponsor_info_denied": null,
                  "sponsor_info_pending": null,
                  "sponsor_name": null,
                  "sponsor_name_error": null,
                  "sponsor_note_pending": null,
                  "sponsor_request_access": null,
                  "sponsor_status_approved": null,
                  "sponsor_status_denied": null,
                  "sponsor_status_pending": null,
                  "sponsor_submit": null,
                  "sponsors_error": null,
                  "sponsors_field_label": null,
                  "tos_accept_label": null,
                  "tos_error": null,
                  "tos_link": null,
                  "tos_text": null
                },
                "fr-FR": {
                  "auth_button_amazon": null,
                  "auth_button_azure": null,
                  "auth_button_email": null,
                  "auth_button_facebook": null,
                  "auth_button_google": null,
                  "auth_button_microsoft": null,
                  "auth_button_passphrase": null,
                  "auth_button_sms": null,
                  "auth_button_sponsor": null,
                  "auth_label": null,
                  "back_link": null,
                  "company_error": null,
                  "company_label": null,
                  "email_access_domain_error": null,
                  "email_cancel": null,
                  "email_code_cancel": null,
                  "email_code_error": null,
                  "email_code_field_label": null,
                  "email_code_message": null,
                  "email_code_submit": null,
                  "email_code_title": null,
                  "email_error": null,
                  "email_field_label": null,
                  "email_label": null,
                  "email_message": null,
                  "email_submit": null,
                  "email_title": null,
                  "field1error": null,
                  "field1label": null,
                  "field2error": null,
                  "field2label": null,
                  "field3error": null,
                  "field3label": null,
                  "field4error": null,
                  "field4label": null,
                  "message": null,
                  "name_error": null,
                  "name_label": null,
                  "optout_label": null,
                  "page_title": null,
                  "passphrase_cancel": null,
                  "passphrase_error": null,
                  "passphrase_label": null,
                  "passphrase_message": null,
                  "passphrase_submit": null,
                  "passphrase_title": null,
                  "privacy_policy_accept_label": null,
                  "privacy_policy_error": null,
                  "privacy_policy_link": null,
                  "privacy_policy_text": null,
                  "required_field_label": null,
                  "sign_in_label": null,
                  "sms_carrier_default": null,
                  "sms_carrier_error": null,
                  "sms_carrier_field_label": null,
                  "sms_code_cancel": null,
                  "sms_code_error": null,
                  "sms_code_field_label": null,
                  "sms_code_message": null,
                  "sms_code_submit": null,
                  "sms_code_title": null,
                  "sms_country_field_label": null,
                  "sms_country_format": null,
                  "sms_have_access_code": null,
                  "sms_message_format": null,
                  "sms_number_cancel": null,
                  "sms_number_error": null,
                  "sms_number_field_label": null,
                  "sms_number_format": null,
                  "sms_number_message": null,
                  "sms_number_submit": null,
                  "sms_number_title": null,
                  "sms_username_format": null,
                  "sponsor_back_link": null,
                  "sponsor_cancel": null,
                  "sponsor_email": null,
                  "sponsor_email_error": null,
                  "sponsor_info_approved": null,
                  "sponsor_info_denied": null,
                  "sponsor_info_pending": null,
                  "sponsor_name": null,
                  "sponsor_name_error": null,
                  "sponsor_note_pending": null,
                  "sponsor_request_access": null,
                  "sponsor_status_approved": "test portal 2!",
                  "sponsor_status_denied": null,
                  "sponsor_status_pending": null,
                  "sponsor_submit": null,
                  "sponsors_error": null,
                  "sponsors_field_label": null,
                  "tos_accept_label": null,
                  "tos_error": null,
                  "tos_link": null,
                  "tos_text": null
                },
                "he-IL": {
                  "auth_button_amazon": null,
                  "auth_button_azure": null,
                  "auth_button_email": null,
                  "auth_button_facebook": null,
                  "auth_button_google": null,
                  "auth_button_microsoft": null,
                  "auth_button_passphrase": null,
                  "auth_button_sms": null,
                  "auth_button_sponsor": null,
                  "auth_label": null,
                  "back_link": null,
                  "company_error": null,
                  "company_label": null,
                  "email_access_domain_error": null,
                  "email_cancel": null,
                  "email_code_cancel": null,
                  "email_code_error": null,
                  "email_code_field_label": null,
                  "email_code_message": null,
                  "email_code_submit": null,
                  "email_code_title": null,
                  "email_error": null,
                  "email_field_label": null,
                  "email_label": null,
                  "email_message": null,
                  "email_submit": null,
                  "email_title": null,
                  "field1error": null,
                  "field1label": null,
                  "field2error": null,
                  "field2label": null,
                  "field3error": null,
                  "field3label": null,
                  "field4error": null,
                  "field4label": null,
                  "message": null,
                  "name_error": null,
                  "name_label": null,
                  "optout_label": null,
                  "page_title": null,
                  "passphrase_cancel": null,
                  "passphrase_error": null,
                  "passphrase_label": null,
                  "passphrase_message": null,
                  "passphrase_submit": null,
                  "passphrase_title": null,
                  "privacy_policy_accept_label": null,
                  "privacy_policy_error": null,
                  "privacy_policy_link": null,
                  "privacy_policy_text": null,
                  "required_field_label": null,
                  "sign_in_label": null,
                  "sms_carrier_default": null,
                  "sms_carrier_error": null,
                  "sms_carrier_field_label": null,
                  "sms_code_cancel": null,
                  "sms_code_error": null,
                  "sms_code_field_label": null,
                  "sms_code_message": null,
                  "sms_code_submit": null,
                  "sms_code_title": null,
                  "sms_country_field_label": null,
                  "sms_country_format": null,
                  "sms_have_access_code": "a",
                  "sms_message_format": null,
                  "sms_number_cancel": null,
                  "sms_number_error": null,
                  "sms_number_field_label": null,
                  "sms_number_format": null,
                  "sms_number_message": null,
                  "sms_number_submit": null,
                  "sms_number_title": null,
                  "sms_username_format": null,
                  "sponsor_back_link": null,
                  "sponsor_cancel": null,
                  "sponsor_email": null,
                  "sponsor_email_error": null,
                  "sponsor_info_approved": null,
                  "sponsor_info_denied": null,
                  "sponsor_info_pending": null,
                  "sponsor_name": null,
                  "sponsor_name_error": null,
                  "sponsor_note_pending": null,
                  "sponsor_request_access": null,
                  "sponsor_status_approved": null,
                  "sponsor_status_denied": null,
                  "sponsor_status_pending": null,
                  "sponsor_submit": null,
                  "sponsors_error": null,
                  "sponsors_field_label": null,
                  "tos_accept_label": null,
                  "tos_error": null,
                  "tos_link": null,
                  "tos_text": null
                },
                "hi-IN": {
                  "auth_button_amazon": null,
                  "auth_button_azure": null,
                  "auth_button_email": null,
                  "auth_button_facebook": null,
                  "auth_button_google": null,
                  "auth_button_microsoft": null,
                  "auth_button_passphrase": null,
                  "auth_button_sms": null,
                  "auth_button_sponsor": null,
                  "auth_label": null,
                  "back_link": null,
                  "company_error": null,
                  "company_label": null,
                  "email_access_domain_error": null,
                  "email_cancel": null,
                  "email_code_cancel": null,
                  "email_code_error": null,
                  "email_code_field_label": null,
                  "email_code_message": null,
                  "email_code_submit": null,
                  "email_code_title": null,
                  "email_error": null,
                  "email_field_label": null,
                  "email_label": null,
                  "email_message": null,
                  "email_submit": null,
                  "email_title": null,
                  "field1error": null,
                  "field1label": null,
                  "field2error": null,
                  "field2label": null,
                  "field3error": null,
                  "field3label": null,
                  "field4error": null,
                  "field4label": null,
                  "message": null,
                  "name_error": null,
                  "name_label": null,
                  "optout_label": null,
                  "page_title": null,
                  "passphrase_cancel": null,
                  "passphrase_error": null,
                  "passphrase_label": null,
                  "passphrase_message": null,
                  "passphrase_submit": null,
                  "passphrase_title": null,
                  "privacy_policy_accept_label": null,
                  "privacy_policy_error": null,
                  "privacy_policy_link": null,
                  "privacy_policy_text": null,
                  "required_field_label": null,
                  "sign_in_label": null,
                  "sms_carrier_default": null,
                  "sms_carrier_error": null,
                  "sms_carrier_field_label": null,
                  "sms_code_cancel": null,
                  "sms_code_error": null,
                  "sms_code_field_label": null,
                  "sms_code_message": null,
                  "sms_code_submit": null,
                  "sms_code_title": null,
                  "sms_country_field_label": null,
                  "sms_country_format": null,
                  "sms_have_access_code": "a",
                  "sms_message_format": null,
                  "sms_number_cancel": null,
                  "sms_number_error": null,
                  "sms_number_field_label": null,
                  "sms_number_format": null,
                  "sms_number_message": null,
                  "sms_number_submit": null,
                  "sms_number_title": null,
                  "sms_username_format": null,
                  "sponsor_back_link": null,
                  "sponsor_cancel": null,
                  "sponsor_email": null,
                  "sponsor_email_error": null,
                  "sponsor_info_approved": null,
                  "sponsor_info_denied": null,
                  "sponsor_info_pending": null,
                  "sponsor_name": null,
                  "sponsor_name_error": null,
                  "sponsor_note_pending": null,
                  "sponsor_request_access": null,
                  "sponsor_status_approved": null,
                  "sponsor_status_denied": null,
                  "sponsor_status_pending": null,
                  "sponsor_submit": null,
                  "sponsors_error": null,
                  "sponsors_field_label": null,
                  "tos_accept_label": null,
                  "tos_error": null,
                  "tos_link": null,
                  "tos_text": null
                },
                "hr-HR": {
                  "auth_button_amazon": null,
                  "auth_button_azure": null,
                  "auth_button_email": null,
                  "auth_button_facebook": null,
                  "auth_button_google": null,
                  "auth_button_microsoft": null,
                  "auth_button_passphrase": null,
                  "auth_button_sms": null,
                  "auth_button_sponsor": null,
                  "auth_label": null,
                  "back_link": null,
                  "company_error": null,
                  "company_label": null,
                  "email_access_domain_error": null,
                  "email_cancel": null,
                  "email_code_cancel": null,
                  "email_code_error": null,
                  "email_code_field_label": null,
                  "email_code_message": null,
                  "email_code_submit": null,
                  "email_code_title": null,
                  "email_error": null,
                  "email_field_label": null,
                  "email_label": null,
                  "email_message": null,
                  "email_submit": null,
                  "email_title": null,
                  "field1error": null,
                  "field1label": null,
                  "field2error": null,
                  "field2label": null,
                  "field3error": null,
                  "field3label": null,
                  "field4error": null,
                  "field4label": null,
                  "message": null,
                  "name_error": null,
                  "name_label": null,
                  "optout_label": null,
                  "page_title": null,
                  "passphrase_cancel": null,
                  "passphrase_error": null,
                  "passphrase_label": null,
                  "passphrase_message": null,
                  "passphrase_submit": null,
                  "passphrase_title": null,
                  "privacy_policy_accept_label": null,
                  "privacy_policy_error": null,
                  "privacy_policy_link": null,
                  "privacy_policy_text": null,
                  "required_field_label": null,
                  "sign_in_label": null,
                  "sms_carrier_default": null,
                  "sms_carrier_error": null,
                  "sms_carrier_field_label": null,
                  "sms_code_cancel": null,
                  "sms_code_error": null,
                  "sms_code_field_label": null,
                  "sms_code_message": null,
                  "sms_code_submit": null,
                  "sms_code_title": null,
                  "sms_country_field_label": null,
                  "sms_country_format": null,
                  "sms_have_access_code": "a",
                  "sms_message_format": null,
                  "sms_number_cancel": null,
                  "sms_number_error": null,
                  "sms_number_field_label": null,
                  "sms_number_format": null,
                  "sms_number_message": null,
                  "sms_number_submit": null,
                  "sms_number_title": null,
                  "sms_username_format": null,
                  "sponsor_back_link": null,
                  "sponsor_cancel": null,
                  "sponsor_email": null,
                  "sponsor_email_error": null,
                  "sponsor_info_approved": null,
                  "sponsor_info_denied": null,
                  "sponsor_info_pending": null,
                  "sponsor_name": null,
                  "sponsor_name_error": null,
                  "sponsor_note_pending": null,
                  "sponsor_request_access": null,
                  "sponsor_status_approved": null,
                  "sponsor_status_denied": null,
                  "sponsor_status_pending": null,
                  "sponsor_submit": null,
                  "sponsors_error": null,
                  "sponsors_field_label": null,
                  "tos_accept_label": null,
                  "tos_error": null,
                  "tos_link": null,
                  "tos_text": null
                },
                "hu-HU": {
                  "auth_button_amazon": null,
                  "auth_button_azure": null,
                  "auth_button_email": null,
                  "auth_button_facebook": null,
                  "auth_button_google": null,
                  "auth_button_microsoft": null,
                  "auth_button_passphrase": null,
                  "auth_button_sms": null,
                  "auth_button_sponsor": null,
                  "auth_label": null,
                  "back_link": null,
                  "company_error": null,
                  "company_label": null,
                  "email_access_domain_error": null,
                  "email_cancel": null,
                  "email_code_cancel": null,
                  "email_code_error": null,
                  "email_code_field_label": null,
                  "email_code_message": null,
                  "email_code_submit": null,
                  "email_code_title": null,
                  "email_error": null,
                  "email_field_label": null,
                  "email_label": null,
                  "email_message": null,
                  "email_submit": null,
                  "email_title": null,
                  "field1error": null,
                  "field1label": null,
                  "field2error": null,
                  "field2label": null,
                  "field3error": null,
                  "field3label": null,
                  "field4error": null,
                  "field4label": null,
                  "message": null,
                  "name_error": null,
                  "name_label": null,
                  "optout_label": null,
                  "page_title": null,
                  "passphrase_cancel": null,
                  "passphrase_error": null,
                  "passphrase_label": null,
                  "passphrase_message": null,
                  "passphrase_submit": null,
                  "passphrase_title": null,
                  "privacy_policy_accept_label": null,
                  "privacy_policy_error": null,
                  "privacy_policy_link": null,
                  "privacy_policy_text": null,
                  "required_field_label": null,
                  "sign_in_label": null,
                  "sms_carrier_default": null,
                  "sms_carrier_error": null,
                  "sms_carrier_field_label": null,
                  "sms_code_cancel": null,
                  "sms_code_error": null,
                  "sms_code_field_label": null,
                  "sms_code_message": null,
                  "sms_code_submit": null,
                  "sms_code_title": null,
                  "sms_country_field_label": null,
                  "sms_country_format": null,
                  "sms_have_access_code": "a",
                  "sms_message_format": null,
                  "sms_number_cancel": null,
                  "sms_number_error": null,
                  "sms_number_field_label": null,
                  "sms_number_format": null,
                  "sms_number_message": null,
                  "sms_number_submit": null,
                  "sms_number_title": null,
                  "sms_username_format": null,
                  "sponsor_back_link": null,
                  "sponsor_cancel": null,
                  "sponsor_email": null,
                  "sponsor_email_error": null,
                  "sponsor_info_approved": null,
                  "sponsor_info_denied": null,
                  "sponsor_info_pending": null,
                  "sponsor_name": null,
                  "sponsor_name_error": null,
                  "sponsor_note_pending": null,
                  "sponsor_request_access": null,
                  "sponsor_status_approved": null,
                  "sponsor_status_denied": null,
                  "sponsor_status_pending": null,
                  "sponsor_submit": null,
                  "sponsors_error": null,
                  "sponsors_field_label": null,
                  "tos_accept_label": null,
                  "tos_error": null,
                  "tos_link": null,
                  "tos_text": null
                },
                "id-ID": {
                  "auth_button_amazon": null,
                  "auth_button_azure": null,
                  "auth_button_email": null,
                  "auth_button_facebook": null,
                  "auth_button_google": null,
                  "auth_button_microsoft": null,
                  "auth_button_passphrase": null,
                  "auth_button_sms": null,
                  "auth_button_sponsor": null,
                  "auth_label": null,
                  "back_link": null,
                  "company_error": null,
                  "company_label": null,
                  "email_access_domain_error": null,
                  "email_cancel": null,
                  "email_code_cancel": null,
                  "email_code_error": null,
                  "email_code_field_label": null,
                  "email_code_message": null,
                  "email_code_submit": null,
                  "email_code_title": null,
                  "email_error": null,
                  "email_field_label": null,
                  "email_label": null,
                  "email_message": null,
                  "email_submit": null,
                  "email_title": null,
                  "field1error": null,
                  "field1label": null,
                  "field2error": null,
                  "field2label": null,
                  "field3error": null,
                  "field3label": null,
                  "field4error": null,
                  "field4label": null,
                  "message": null,
                  "name_error": null,
                  "name_label": null,
                  "optout_label": null,
                  "page_title": null,
                  "passphrase_cancel": null,
                  "passphrase_error": null,
                  "passphrase_label": null,
                  "passphrase_message": null,
                  "passphrase_submit": null,
                  "passphrase_title": null,
                  "privacy_policy_accept_label": null,
                  "privacy_policy_error": null,
                  "privacy_policy_link": null,
                  "privacy_policy_text": null,
                  "required_field_label": null,
                  "sign_in_label": null,
                  "sms_carrier_default": null,
                  "sms_carrier_error": null,
                  "sms_carrier_field_label": null,
                  "sms_code_cancel": null,
                  "sms_code_error": null,
                  "sms_code_field_label": null,
                  "sms_code_message": null,
                  "sms_code_submit": null,
                  "sms_code_title": null,
                  "sms_country_field_label": null,
                  "sms_country_format": null,
                  "sms_have_access_code": "a",
                  "sms_message_format": null,
                  "sms_number_cancel": null,
                  "sms_number_error": null,
                  "sms_number_field_label": null,
                  "sms_number_format": null,
                  "sms_number_message": null,
                  "sms_number_submit": null,
                  "sms_number_title": null,
                  "sms_username_format": null,
                  "sponsor_back_link": null,
                  "sponsor_cancel": null,
                  "sponsor_email": null,
                  "sponsor_email_error": null,
                  "sponsor_info_approved": null,
                  "sponsor_info_denied": null,
                  "sponsor_info_pending": null,
                  "sponsor_name": null,
                  "sponsor_name_error": null,
                  "sponsor_note_pending": null,
                  "sponsor_request_access": null,
                  "sponsor_status_approved": null,
                  "sponsor_status_denied": null,
                  "sponsor_status_pending": null,
                  "sponsor_submit": null,
                  "sponsors_error": null,
                  "sponsors_field_label": null,
                  "tos_accept_label": null,
                  "tos_error": null,
                  "tos_link": null,
                  "tos_text": null
                },
                "it-IT": {
                  "auth_button_amazon": null,
                  "auth_button_azure": null,
                  "auth_button_email": null,
                  "auth_button_facebook": null,
                  "auth_button_google": null,
                  "auth_button_microsoft": null,
                  "auth_button_passphrase": null,
                  "auth_button_sms": null,
                  "auth_button_sponsor": null,
                  "auth_label": null,
                  "back_link": null,
                  "company_error": null,
                  "company_label": null,
                  "email_access_domain_error": null,
                  "email_cancel": null,
                  "email_code_cancel": null,
                  "email_code_error": null,
                  "email_code_field_label": null,
                  "email_code_message": null,
                  "email_code_submit": null,
                  "email_code_title": null,
                  "email_error": null,
                  "email_field_label": null,
                  "email_label": null,
                  "email_message": null,
                  "email_submit": null,
                  "email_title": null,
                  "field1error": null,
                  "field1label": null,
                  "field2error": null,
                  "field2label": null,
                  "field3error": null,
                  "field3label": null,
                  "field4error": null,
                  "field4label": null,
                  "message": null,
                  "name_error": null,
                  "name_label": null,
                  "optout_label": null,
                  "page_title": null,
                  "passphrase_cancel": null,
                  "passphrase_error": null,
                  "passphrase_label": null,
                  "passphrase_message": null,
                  "passphrase_submit": null,
                  "passphrase_title": null,
                  "privacy_policy_accept_label": null,
                  "privacy_policy_error": null,
                  "privacy_policy_link": null,
                  "privacy_policy_text": null,
                  "required_field_label": null,
                  "sign_in_label": null,
                  "sms_carrier_default": null,
                  "sms_carrier_error": null,
                  "sms_carrier_field_label": null,
                  "sms_code_cancel": null,
                  "sms_code_error": null,
                  "sms_code_field_label": null,
                  "sms_code_message": null,
                  "sms_code_submit": null,
                  "sms_code_title": null,
                  "sms_country_field_label": null,
                  "sms_country_format": null,
                  "sms_have_access_code": "a",
                  "sms_message_format": null,
                  "sms_number_cancel": null,
                  "sms_number_error": null,
                  "sms_number_field_label": null,
                  "sms_number_format": null,
                  "sms_number_message": null,
                  "sms_number_submit": null,
                  "sms_number_title": null,
                  "sms_username_format": null,
                  "sponsor_back_link": null,
                  "sponsor_cancel": null,
                  "sponsor_email": null,
                  "sponsor_email_error": null,
                  "sponsor_info_approved": null,
                  "sponsor_info_denied": null,
                  "sponsor_info_pending": null,
                  "sponsor_name": null,
                  "sponsor_name_error": null,
                  "sponsor_note_pending": null,
                  "sponsor_request_access": null,
                  "sponsor_status_approved": null,
                  "sponsor_status_denied": null,
                  "sponsor_status_pending": null,
                  "sponsor_submit": null,
                  "sponsors_error": null,
                  "sponsors_field_label": null,
                  "tos_accept_label": null,
                  "tos_error": null,
                  "tos_link": null,
                  "tos_text": null
                },
                "ja-JP": {
                  "auth_button_amazon": null,
                  "auth_button_azure": null,
                  "auth_button_email": null,
                  "auth_button_facebook": null,
                  "auth_button_google": null,
                  "auth_button_microsoft": null,
                  "auth_button_passphrase": null,
                  "auth_button_sms": null,
                  "auth_button_sponsor": null,
                  "auth_label": null,
                  "back_link": null,
                  "company_error": null,
                  "company_label": null,
                  "email_access_domain_error": null,
                  "email_cancel": null,
                  "email_code_cancel": null,
                  "email_code_error": null,
                  "email_code_field_label": null,
                  "email_code_message": null,
                  "email_code_submit": null,
                  "email_code_title": null,
                  "email_error": null,
                  "email_field_label": null,
                  "email_label": null,
                  "email_message": null,
                  "email_submit": null,
                  "email_title": null,
                  "field1error": null,
                  "field1label": null,
                  "field2error": null,
                  "field2label": null,
                  "field3error": null,
                  "field3label": null,
                  "field4error": null,
                  "field4label": null,
                  "message": null,
                  "name_error": null,
                  "name_label": null,
                  "optout_label": null,
                  "page_title": null,
                  "passphrase_cancel": null,
                  "passphrase_error": null,
                  "passphrase_label": null,
                  "passphrase_message": null,
                  "passphrase_submit": null,
                  "passphrase_title": null,
                  "privacy_policy_accept_label": null,
                  "privacy_policy_error": null,
                  "privacy_policy_link": null,
                  "privacy_policy_text": null,
                  "required_field_label": null,
                  "sign_in_label": null,
                  "sms_carrier_default": null,
                  "sms_carrier_error": null,
                  "sms_carrier_field_label": null,
                  "sms_code_cancel": null,
                  "sms_code_error": null,
                  "sms_code_field_label": null,
                  "sms_code_message": null,
                  "sms_code_submit": null,
                  "sms_code_title": null,
                  "sms_country_field_label": null,
                  "sms_country_format": null,
                  "sms_have_access_code": "a",
                  "sms_message_format": null,
                  "sms_number_cancel": null,
                  "sms_number_error": null,
                  "sms_number_field_label": null,
                  "sms_number_format": null,
                  "sms_number_message": null,
                  "sms_number_submit": null,
                  "sms_number_title": null,
                  "sms_username_format": null,
                  "sponsor_back_link": null,
                  "sponsor_cancel": null,
                  "sponsor_email": null,
                  "sponsor_email_error": null,
                  "sponsor_info_approved": null,
                  "sponsor_info_denied": null,
                  "sponsor_info_pending": null,
                  "sponsor_name": null,
                  "sponsor_name_error": null,
                  "sponsor_note_pending": null,
                  "sponsor_request_access": null,
                  "sponsor_status_approved": null,
                  "sponsor_status_denied": null,
                  "sponsor_status_pending": null,
                  "sponsor_submit": null,
                  "sponsors_error": null,
                  "sponsors_field_label": null,
                  "tos_accept_label": null,
                  "tos_error": null,
                  "tos_link": null,
                  "tos_text": null
                },
                "ko-KR": {
                  "auth_button_amazon": null,
                  "auth_button_azure": null,
                  "auth_button_email": null,
                  "auth_button_facebook": null,
                  "auth_button_google": null,
                  "auth_button_microsoft": null,
                  "auth_button_passphrase": null,
                  "auth_button_sms": null,
                  "auth_button_sponsor": null,
                  "auth_label": null,
                  "back_link": null,
                  "company_error": null,
                  "company_label": null,
                  "email_access_domain_error": null,
                  "email_cancel": null,
                  "email_code_cancel": null,
                  "email_code_error": null,
                  "email_code_field_label": null,
                  "email_code_message": null,
                  "email_code_submit": null,
                  "email_code_title": null,
                  "email_error": null,
                  "email_field_label": null,
                  "email_label": null,
                  "email_message": null,
                  "email_submit": null,
                  "email_title": null,
                  "field1error": null,
                  "field1label": null,
                  "field2error": null,
                  "field2label": null,
                  "field3error": null,
                  "field3label": null,
                  "field4error": null,
                  "field4label": null,
                  "message": null,
                  "name_error": null,
                  "name_label": null,
                  "optout_label": null,
                  "page_title": null,
                  "passphrase_cancel": null,
                  "passphrase_error": null,
                  "passphrase_label": null,
                  "passphrase_message": null,
                  "passphrase_submit": null,
                  "passphrase_title": null,
                  "privacy_policy_accept_label": null,
                  "privacy_policy_error": null,
                  "privacy_policy_link": null,
                  "privacy_policy_text": null,
                  "required_field_label": null,
                  "sign_in_label": null,
                  "sms_carrier_default": null,
                  "sms_carrier_error": null,
                  "sms_carrier_field_label": null,
                  "sms_code_cancel": null,
                  "sms_code_error": null,
                  "sms_code_field_label": null,
                  "sms_code_message": null,
                  "sms_code_submit": null,
                  "sms_code_title": null,
                  "sms_country_field_label": null,
                  "sms_country_format": null,
                  "sms_have_access_code": "a",
                  "sms_message_format": null,
                  "sms_number_cancel": null,
                  "sms_number_error": null,
                  "sms_number_field_label": null,
                  "sms_number_format": null,
                  "sms_number_message": null,
                  "sms_number_submit": null,
                  "sms_number_title": null,
                  "sms_username_format": null,
                  "sponsor_back_link": null,
                  "sponsor_cancel": null,
                  "sponsor_email": null,
                  "sponsor_email_error": null,
                  "sponsor_info_approved": null,
                  "sponsor_info_denied": null,
                  "sponsor_info_pending": null,
                  "sponsor_name": null,
                  "sponsor_name_error": null,
                  "sponsor_note_pending": null,
                  "sponsor_request_access": null,
                  "sponsor_status_approved": null,
                  "sponsor_status_denied": null,
                  "sponsor_status_pending": null,
                  "sponsor_submit": null,
                  "sponsors_error": null,
                  "sponsors_field_label": null,
                  "tos_accept_label": null,
                  "tos_error": null,
                  "tos_link": null,
                  "tos_text": null
                },
                "ms-MY": {
                  "auth_button_amazon": null,
                  "auth_button_azure": null,
                  "auth_button_email": null,
                  "auth_button_facebook": null,
                  "auth_button_google": null,
                  "auth_button_microsoft": null,
                  "auth_button_passphrase": null,
                  "auth_button_sms": null,
                  "auth_button_sponsor": null,
                  "auth_label": null,
                  "back_link": null,
                  "company_error": null,
                  "company_label": null,
                  "email_access_domain_error": null,
                  "email_cancel": null,
                  "email_code_cancel": null,
                  "email_code_error": null,
                  "email_code_field_label": null,
                  "email_code_message": null,
                  "email_code_submit": null,
                  "email_code_title": null,
                  "email_error": null,
                  "email_field_label": null,
                  "email_label": null,
                  "email_message": null,
                  "email_submit": null,
                  "email_title": null,
                  "field1error": null,
                  "field1label": null,
                  "field2error": null,
                  "field2label": null,
                  "field3error": null,
                  "field3label": null,
                  "field4error": null,
                  "field4label": null,
                  "message": null,
                  "name_error": null,
                  "name_label": null,
                  "optout_label": null,
                  "page_title": null,
                  "passphrase_cancel": null,
                  "passphrase_error": null,
                  "passphrase_label": null,
                  "passphrase_message": null,
                  "passphrase_submit": null,
                  "passphrase_title": null,
                  "privacy_policy_accept_label": null,
                  "privacy_policy_error": null,
                  "privacy_policy_link": null,
                  "privacy_policy_text": null,
                  "required_field_label": null,
                  "sign_in_label": null,
                  "sms_carrier_default": null,
                  "sms_carrier_error": null,
                  "sms_carrier_field_label": null,
                  "sms_code_cancel": null,
                  "sms_code_error": null,
                  "sms_code_field_label": null,
                  "sms_code_message": null,
                  "sms_code_submit": null,
                  "sms_code_title": null,
                  "sms_country_field_label": null,
                  "sms_country_format": null,
                  "sms_have_access_code": "a",
                  "sms_message_format": null,
                  "sms_number_cancel": null,
                  "sms_number_error": null,
                  "sms_number_field_label": null,
                  "sms_number_format": null,
                  "sms_number_message": null,
                  "sms_number_submit": null,
                  "sms_number_title": null,
                  "sms_username_format": null,
                  "sponsor_back_link": null,
                  "sponsor_cancel": null,
                  "sponsor_email": null,
                  "sponsor_email_error": null,
                  "sponsor_info_approved": null,
                  "sponsor_info_denied": null,
                  "sponsor_info_pending": null,
                  "sponsor_name": null,
                  "sponsor_name_error": null,
                  "sponsor_note_pending": null,
                  "sponsor_request_access": null,
                  "sponsor_status_approved": null,
                  "sponsor_status_denied": null,
                  "sponsor_status_pending": null,
                  "sponsor_submit": null,
                  "sponsors_error": null,
                  "sponsors_field_label": null,
                  "tos_accept_label": null,
                  "tos_error": null,
                  "tos_link": null,
                  "tos_text": null
                },
                "nb-NO": {
                  "auth_button_amazon": null,
                  "auth_button_azure": null,
                  "auth_button_email": null,
                  "auth_button_facebook": null,
                  "auth_button_google": null,
                  "auth_button_microsoft": null,
                  "auth_button_passphrase": null,
                  "auth_button_sms": null,
                  "auth_button_sponsor": null,
                  "auth_label": null,
                  "back_link": null,
                  "company_error": null,
                  "company_label": null,
                  "email_access_domain_error": null,
                  "email_cancel": null,
                  "email_code_cancel": null,
                  "email_code_error": null,
                  "email_code_field_label": null,
                  "email_code_message": null,
                  "email_code_submit": null,
                  "email_code_title": null,
                  "email_error": null,
                  "email_field_label": null,
                  "email_label": null,
                  "email_message": null,
                  "email_submit": null,
                  "email_title": null,
                  "field1error": null,
                  "field1label": null,
                  "field2error": null,
                  "field2label": null,
                  "field3error": null,
                  "field3label": null,
                  "field4error": null,
                  "field4label": null,
                  "message": null,
                  "name_error": null,
                  "name_label": null,
                  "optout_label": null,
                  "page_title": null,
                  "passphrase_cancel": null,
                  "passphrase_error": null,
                  "passphrase_label": null,
                  "passphrase_message": null,
                  "passphrase_submit": null,
                  "passphrase_title": null,
                  "privacy_policy_accept_label": null,
                  "privacy_policy_error": null,
                  "privacy_policy_link": null,
                  "privacy_policy_text": null,
                  "required_field_label": null,
                  "sign_in_label": null,
                  "sms_carrier_default": null,
                  "sms_carrier_error": null,
                  "sms_carrier_field_label": null,
                  "sms_code_cancel": null,
                  "sms_code_error": null,
                  "sms_code_field_label": null,
                  "sms_code_message": null,
                  "sms_code_submit": null,
                  "sms_code_title": null,
                  "sms_country_field_label": null,
                  "sms_country_format": null,
                  "sms_have_access_code": "a",
                  "sms_message_format": null,
                  "sms_number_cancel": null,
                  "sms_number_error": null,
                  "sms_number_field_label": null,
                  "sms_number_format": null,
                  "sms_number_message": null,
                  "sms_number_submit": null,
                  "sms_number_title": null,
                  "sms_username_format": null,
                  "sponsor_back_link": null,
                  "sponsor_cancel": null,
                  "sponsor_email": null,
                  "sponsor_email_error": null,
                  "sponsor_info_approved": null,
                  "sponsor_info_denied": null,
                  "sponsor_info_pending": null,
                  "sponsor_name": null,
                  "sponsor_name_error": null,
                  "sponsor_note_pending": null,
                  "sponsor_request_access": null,
                  "sponsor_status_approved": null,
                  "sponsor_status_denied": null,
                  "sponsor_status_pending": null,
                  "sponsor_submit": null,
                  "sponsors_error": null,
                  "sponsors_field_label": null,
                  "tos_accept_label": null,
                  "tos_error": null,
                  "tos_link": null,
                  "tos_text": null
                },
                "nl-NL": {
                  "auth_button_amazon": null,
                  "auth_button_azure": null,
                  "auth_button_email": null,
                  "auth_button_facebook": null,
                  "auth_button_google": null,
                  "auth_button_microsoft": null,
                  "auth_button_passphrase": null,
                  "auth_button_sms": null,
                  "auth_button_sponsor": null,
                  "auth_label": null,
                  "back_link": null,
                  "company_error": null,
                  "company_label": null,
                  "email_access_domain_error": null,
                  "email_cancel": null,
                  "email_code_cancel": null,
                  "email_code_error": null,
                  "email_code_field_label": null,
                  "email_code_message": null,
                  "email_code_submit": null,
                  "email_code_title": null,
                  "email_error": null,
                  "email_field_label": null,
                  "email_label": null,
                  "email_message": null,
                  "email_submit": null,
                  "email_title": null,
                  "field1error": null,
                  "field1label": null,
                  "field2error": null,
                  "field2label": null,
                  "field3error": null,
                  "field3label": null,
                  "field4error": null,
                  "field4label": null,
                  "message": null,
                  "name_error": null,
                  "name_label": null,
                  "optout_label": null,
                  "page_title": null,
                  "passphrase_cancel": null,
                  "passphrase_error": null,
                  "passphrase_label": null,
                  "passphrase_message": null,
                  "passphrase_submit": null,
                  "passphrase_title": null,
                  "privacy_policy_accept_label": null,
                  "privacy_policy_error": null,
                  "privacy_policy_link": null,
                  "privacy_policy_text": null,
                  "required_field_label": null,
                  "sign_in_label": null,
                  "sms_carrier_default": null,
                  "sms_carrier_error": null,
                  "sms_carrier_field_label": null,
                  "sms_code_cancel": null,
                  "sms_code_error": null,
                  "sms_code_field_label": null,
                  "sms_code_message": null,
                  "sms_code_submit": null,
                  "sms_code_title": null,
                  "sms_country_field_label": null,
                  "sms_country_format": null,
                  "sms_have_access_code": "a",
                  "sms_message_format": null,
                  "sms_number_cancel": null,
                  "sms_number_error": null,
                  "sms_number_field_label": null,
                  "sms_number_format": null,
                  "sms_number_message": null,
                  "sms_number_submit": null,
                  "sms_number_title": null,
                  "sms_username_format": null,
                  "sponsor_back_link": null,
                  "sponsor_cancel": null,
                  "sponsor_email": null,
                  "sponsor_email_error": null,
                  "sponsor_info_approved": null,
                  "sponsor_info_denied": null,
                  "sponsor_info_pending": null,
                  "sponsor_name": null,
                  "sponsor_name_error": null,
                  "sponsor_note_pending": null,
                  "sponsor_request_access": null,
                  "sponsor_status_approved": null,
                  "sponsor_status_denied": null,
                  "sponsor_status_pending": null,
                  "sponsor_submit": null,
                  "sponsors_error": null,
                  "sponsors_field_label": null,
                  "tos_accept_label": null,
                  "tos_error": null,
                  "tos_link": null,
                  "tos_text": null
                },
                "pl-PL": {
                  "auth_button_amazon": null,
                  "auth_button_azure": null,
                  "auth_button_email": null,
                  "auth_button_facebook": null,
                  "auth_button_google": null,
                  "auth_button_microsoft": null,
                  "auth_button_passphrase": null,
                  "auth_button_sms": null,
                  "auth_button_sponsor": null,
                  "auth_label": null,
                  "back_link": null,
                  "company_error": null,
                  "company_label": null,
                  "email_access_domain_error": null,
                  "email_cancel": null,
                  "email_code_cancel": null,
                  "email_code_error": null,
                  "email_code_field_label": null,
                  "email_code_message": null,
                  "email_code_submit": null,
                  "email_code_title": null,
                  "email_error": null,
                  "email_field_label": null,
                  "email_label": null,
                  "email_message": null,
                  "email_submit": null,
                  "email_title": null,
                  "field1error": null,
                  "field1label": null,
                  "field2error": null,
                  "field2label": null,
                  "field3error": null,
                  "field3label": null,
                  "field4error": null,
                  "field4label": null,
                  "message": null,
                  "name_error": null,
                  "name_label": null,
                  "optout_label": null,
                  "page_title": null,
                  "passphrase_cancel": null,
                  "passphrase_error": null,
                  "passphrase_label": null,
                  "passphrase_message": null,
                  "passphrase_submit": null,
                  "passphrase_title": null,
                  "privacy_policy_accept_label": null,
                  "privacy_policy_error": null,
                  "privacy_policy_link": null,
                  "privacy_policy_text": null,
                  "required_field_label": null,
                  "sign_in_label": null,
                  "sms_carrier_default": null,
                  "sms_carrier_error": null,
                  "sms_carrier_field_label": null,
                  "sms_code_cancel": null,
                  "sms_code_error": null,
                  "sms_code_field_label": null,
                  "sms_code_message": null,
                  "sms_code_submit": null,
                  "sms_code_title": null,
                  "sms_country_field_label": null,
                  "sms_country_format": null,
                  "sms_have_access_code": "a",
                  "sms_message_format": null,
                  "sms_number_cancel": null,
                  "sms_number_error": null,
                  "sms_number_field_label": null,
                  "sms_number_format": null,
                  "sms_number_message": null,
                  "sms_number_submit": null,
                  "sms_number_title": null,
                  "sms_username_format": null,
                  "sponsor_back_link": null,
                  "sponsor_cancel": null,
                  "sponsor_email": null,
                  "sponsor_email_error": null,
                  "sponsor_info_approved": null,
                  "sponsor_info_denied": null,
                  "sponsor_info_pending": null,
                  "sponsor_name": null,
                  "sponsor_name_error": null,
                  "sponsor_note_pending": null,
                  "sponsor_request_access": null,
                  "sponsor_status_approved": null,
                  "sponsor_status_denied": null,
                  "sponsor_status_pending": null,
                  "sponsor_submit": null,
                  "sponsors_error": null,
                  "sponsors_field_label": null,
                  "tos_accept_label": null,
                  "tos_error": null,
                  "tos_link": null,
                  "tos_text": null
                },
                "pt-BR": {
                  "auth_button_amazon": null,
                  "auth_button_azure": null,
                  "auth_button_email": null,
                  "auth_button_facebook": null,
                  "auth_button_google": null,
                  "auth_button_microsoft": null,
                  "auth_button_passphrase": null,
                  "auth_button_sms": null,
                  "auth_button_sponsor": null,
                  "auth_label": null,
                  "back_link": null,
                  "company_error": null,
                  "company_label": null,
                  "email_access_domain_error": null,
                  "email_cancel": null,
                  "email_code_cancel": null,
                  "email_code_error": null,
                  "email_code_field_label": null,
                  "email_code_message": null,
                  "email_code_submit": null,
                  "email_code_title": null,
                  "email_error": null,
                  "email_field_label": null,
                  "email_label": null,
                  "email_message": null,
                  "email_submit": null,
                  "email_title": null,
                  "field1error": null,
                  "field1label": null,
                  "field2error": null,
                  "field2label": null,
                  "field3error": null,
                  "field3label": null,
                  "field4error": null,
                  "field4label": null,
                  "message": null,
                  "name_error": null,
                  "name_label": null,
                  "optout_label": null,
                  "page_title": null,
                  "passphrase_cancel": null,
                  "passphrase_error": null,
                  "passphrase_label": null,
                  "passphrase_message": null,
                  "passphrase_submit": null,
                  "passphrase_title": null,
                  "privacy_policy_accept_label": null,
                  "privacy_policy_error": null,
                  "privacy_policy_link": null,
                  "privacy_policy_text": null,
                  "required_field_label": null,
                  "sign_in_label": null,
                  "sms_carrier_default": null,
                  "sms_carrier_error": null,
                  "sms_carrier_field_label": null,
                  "sms_code_cancel": null,
                  "sms_code_error": null,
                  "sms_code_field_label": null,
                  "sms_code_message": null,
                  "sms_code_submit": null,
                  "sms_code_title": null,
                  "sms_country_field_label": null,
                  "sms_country_format": null,
                  "sms_have_access_code": "a",
                  "sms_message_format": null,
                  "sms_number_cancel": null,
                  "sms_number_error": null,
                  "sms_number_field_label": null,
                  "sms_number_format": null,
                  "sms_number_message": null,
                  "sms_number_submit": null,
                  "sms_number_title": null,
                  "sms_username_format": null,
                  "sponsor_back_link": null,
                  "sponsor_cancel": null,
                  "sponsor_email": null,
                  "sponsor_email_error": null,
                  "sponsor_info_approved": null,
                  "sponsor_info_denied": null,
                  "sponsor_info_pending": null,
                  "sponsor_name": null,
                  "sponsor_name_error": null,
                  "sponsor_note_pending": null,
                  "sponsor_request_access": null,
                  "sponsor_status_approved": null,
                  "sponsor_status_denied": null,
                  "sponsor_status_pending": null,
                  "sponsor_submit": null,
                  "sponsors_error": null,
                  "sponsors_field_label": null,
                  "tos_accept_label": null,
                  "tos_error": null,
                  "tos_link": null,
                  "tos_text": null
                },
                "pt-PT": {
                  "auth_button_amazon": null,
                  "auth_button_azure": null,
                  "auth_button_email": null,
                  "auth_button_facebook": null,
                  "auth_button_google": null,
                  "auth_button_microsoft": null,
                  "auth_button_passphrase": null,
                  "auth_button_sms": null,
                  "auth_button_sponsor": null,
                  "auth_label": null,
                  "back_link": null,
                  "company_error": null,
                  "company_label": null,
                  "email_access_domain_error": null,
                  "email_cancel": null,
                  "email_code_cancel": null,
                  "email_code_error": null,
                  "email_code_field_label": null,
                  "email_code_message": null,
                  "email_code_submit": null,
                  "email_code_title": null,
                  "email_error": null,
                  "email_field_label": null,
                  "email_label": null,
                  "email_message": null,
                  "email_submit": null,
                  "email_title": null,
                  "field1error": null,
                  "field1label": null,
                  "field2error": null,
                  "field2label": null,
                  "field3error": null,
                  "field3label": null,
                  "field4error": null,
                  "field4label": null,
                  "message": null,
                  "name_error": null,
                  "name_label": null,
                  "optout_label": null,
                  "page_title": null,
                  "passphrase_cancel": null,
                  "passphrase_error": null,
                  "passphrase_label": null,
                  "passphrase_message": null,
                  "passphrase_submit": null,
                  "passphrase_title": null,
                  "privacy_policy_accept_label": null,
                  "privacy_policy_error": null,
                  "privacy_policy_link": null,
                  "privacy_policy_text": null,
                  "required_field_label": null,
                  "sign_in_label": null,
                  "sms_carrier_default": null,
                  "sms_carrier_error": null,
                  "sms_carrier_field_label": null,
                  "sms_code_cancel": null,
                  "sms_code_error": null,
                  "sms_code_field_label": null,
                  "sms_code_message": null,
                  "sms_code_submit": null,
                  "sms_code_title": null,
                  "sms_country_field_label": null,
                  "sms_country_format": null,
                  "sms_have_access_code": "a",
                  "sms_message_format": null,
                  "sms_number_cancel": null,
                  "sms_number_error": null,
                  "sms_number_field_label": null,
                  "sms_number_format": null,
                  "sms_number_message": null,
                  "sms_number_submit": null,
                  "sms_number_title": null,
                  "sms_username_format": null,
                  "sponsor_back_link": null,
                  "sponsor_cancel": null,
                  "sponsor_email": null,
                  "sponsor_email_error": null,
                  "sponsor_info_approved": null,
                  "sponsor_info_denied": null,
                  "sponsor_info_pending": null,
                  "sponsor_name": null,
                  "sponsor_name_error": null,
                  "sponsor_note_pending": null,
                  "sponsor_request_access": null,
                  "sponsor_status_approved": null,
                  "sponsor_status_denied": null,
                  "sponsor_status_pending": null,
                  "sponsor_submit": null,
                  "sponsors_error": null,
                  "sponsors_field_label": null,
                  "tos_accept_label": null,
                  "tos_error": null,
                  "tos_link": null,
                  "tos_text": null
                },
                "ro-RO": {
                  "auth_button_amazon": null,
                  "auth_button_azure": null,
                  "auth_button_email": null,
                  "auth_button_facebook": null,
                  "auth_button_google": null,
                  "auth_button_microsoft": null,
                  "auth_button_passphrase": null,
                  "auth_button_sms": null,
                  "auth_button_sponsor": null,
                  "auth_label": null,
                  "back_link": null,
                  "company_error": null,
                  "company_label": null,
                  "email_access_domain_error": null,
                  "email_cancel": null,
                  "email_code_cancel": null,
                  "email_code_error": null,
                  "email_code_field_label": null,
                  "email_code_message": null,
                  "email_code_submit": null,
                  "email_code_title": null,
                  "email_error": null,
                  "email_field_label": null,
                  "email_label": null,
                  "email_message": null,
                  "email_submit": null,
                  "email_title": null,
                  "field1error": null,
                  "field1label": null,
                  "field2error": null,
                  "field2label": null,
                  "field3error": null,
                  "field3label": null,
                  "field4error": null,
                  "field4label": null,
                  "message": null,
                  "name_error": null,
                  "name_label": null,
                  "optout_label": null,
                  "page_title": null,
                  "passphrase_cancel": null,
                  "passphrase_error": null,
                  "passphrase_label": null,
                  "passphrase_message": null,
                  "passphrase_submit": null,
                  "passphrase_title": null,
                  "privacy_policy_accept_label": null,
                  "privacy_policy_error": null,
                  "privacy_policy_link": null,
                  "privacy_policy_text": null,
                  "required_field_label": null,
                  "sign_in_label": null,
                  "sms_carrier_default": null,
                  "sms_carrier_error": null,
                  "sms_carrier_field_label": null,
                  "sms_code_cancel": null,
                  "sms_code_error": null,
                  "sms_code_field_label": null,
                  "sms_code_message": null,
                  "sms_code_submit": null,
                  "sms_code_title": null,
                  "sms_country_field_label": null,
                  "sms_country_format": null,
                  "sms_have_access_code": "a",
                  "sms_message_format": null,
                  "sms_number_cancel": null,
                  "sms_number_error": null,
                  "sms_number_field_label": null,
                  "sms_number_format": null,
                  "sms_number_message": null,
                  "sms_number_submit": null,
                  "sms_number_title": null,
                  "sms_username_format": null,
                  "sponsor_back_link": null,
                  "sponsor_cancel": null,
                  "sponsor_email": null,
                  "sponsor_email_error": null,
                  "sponsor_info_approved": null,
                  "sponsor_info_denied": null,
                  "sponsor_info_pending": null,
                  "sponsor_name": null,
                  "sponsor_name_error": null,
                  "sponsor_note_pending": null,
                  "sponsor_request_access": null,
                  "sponsor_status_approved": null,
                  "sponsor_status_denied": null,
                  "sponsor_status_pending": null,
                  "sponsor_submit": null,
                  "sponsors_error": null,
                  "sponsors_field_label": null,
                  "tos_accept_label": null,
                  "tos_error": null,
                  "tos_link": null,
                  "tos_text": null
                },
                "ru-RU": {
                  "auth_button_amazon": null,
                  "auth_button_azure": null,
                  "auth_button_email": null,
                  "auth_button_facebook": null,
                  "auth_button_google": null,
                  "auth_button_microsoft": null,
                  "auth_button_passphrase": null,
                  "auth_button_sms": null,
                  "auth_button_sponsor": null,
                  "auth_label": null,
                  "back_link": null,
                  "company_error": null,
                  "company_label": null,
                  "email_access_domain_error": null,
                  "email_cancel": null,
                  "email_code_cancel": null,
                  "email_code_error": null,
                  "email_code_field_label": null,
                  "email_code_message": null,
                  "email_code_submit": null,
                  "email_code_title": null,
                  "email_error": null,
                  "email_field_label": null,
                  "email_label": null,
                  "email_message": null,
                  "email_submit": null,
                  "email_title": null,
                  "field1error": null,
                  "field1label": null,
                  "field2error": null,
                  "field2label": null,
                  "field3error": null,
                  "field3label": null,
                  "field4error": null,
                  "field4label": null,
                  "message": null,
                  "name_error": null,
                  "name_label": null,
                  "optout_label": null,
                  "page_title": null,
                  "passphrase_cancel": null,
                  "passphrase_error": null,
                  "passphrase_label": null,
                  "passphrase_message": null,
                  "passphrase_submit": null,
                  "passphrase_title": null,
                  "privacy_policy_accept_label": null,
                  "privacy_policy_error": null,
                  "privacy_policy_link": null,
                  "privacy_policy_text": null,
                  "required_field_label": null,
                  "sign_in_label": null,
                  "sms_carrier_default": null,
                  "sms_carrier_error": null,
                  "sms_carrier_field_label": null,
                  "sms_code_cancel": null,
                  "sms_code_error": null,
                  "sms_code_field_label": null,
                  "sms_code_message": null,
                  "sms_code_submit": null,
                  "sms_code_title": null,
                  "sms_country_field_label": null,
                  "sms_country_format": null,
                  "sms_have_access_code": "a",
                  "sms_message_format": null,
                  "sms_number_cancel": null,
                  "sms_number_error": null,
                  "sms_number_field_label": null,
                  "sms_number_format": null,
                  "sms_number_message": null,
                  "sms_number_submit": null,
                  "sms_number_title": null,
                  "sms_username_format": null,
                  "sponsor_back_link": null,
                  "sponsor_cancel": null,
                  "sponsor_email": null,
                  "sponsor_email_error": null,
                  "sponsor_info_approved": null,
                  "sponsor_info_denied": null,
                  "sponsor_info_pending": null,
                  "sponsor_name": null,
                  "sponsor_name_error": null,
                  "sponsor_note_pending": null,
                  "sponsor_request_access": null,
                  "sponsor_status_approved": null,
                  "sponsor_status_denied": null,
                  "sponsor_status_pending": null,
                  "sponsor_submit": null,
                  "sponsors_error": null,
                  "sponsors_field_label": null,
                  "tos_accept_label": null,
                  "tos_error": null,
                  "tos_link": null,
                  "tos_text": null
                },
                "sk-SK": {
                  "auth_button_amazon": null,
                  "auth_button_azure": null,
                  "auth_button_email": null,
                  "auth_button_facebook": null,
                  "auth_button_google": null,
                  "auth_button_microsoft": null,
                  "auth_button_passphrase": null,
                  "auth_button_sms": null,
                  "auth_button_sponsor": null,
                  "auth_label": null,
                  "back_link": null,
                  "company_error": null,
                  "company_label": null,
                  "email_access_domain_error": null,
                  "email_cancel": null,
                  "email_code_cancel": null,
                  "email_code_error": null,
                  "email_code_field_label": null,
                  "email_code_message": null,
                  "email_code_submit": null,
                  "email_code_title": null,
                  "email_error": null,
                  "email_field_label": null,
                  "email_label": null,
                  "email_message": null,
                  "email_submit": null,
                  "email_title": null,
                  "field1error": null,
                  "field1label": null,
                  "field2error": null,
                  "field2label": null,
                  "field3error": null,
                  "field3label": null,
                  "field4error": null,
                  "field4label": null,
                  "message": null,
                  "name_error": null,
                  "name_label": null,
                  "optout_label": null,
                  "page_title": null,
                  "passphrase_cancel": null,
                  "passphrase_error": null,
                  "passphrase_label": null,
                  "passphrase_message": null,
                  "passphrase_submit": null,
                  "passphrase_title": null,
                  "privacy_policy_accept_label": null,
                  "privacy_policy_error": null,
                  "privacy_policy_link": null,
                  "privacy_policy_text": null,
                  "required_field_label": null,
                  "sign_in_label": null,
                  "sms_carrier_default": null,
                  "sms_carrier_error": null,
                  "sms_carrier_field_label": null,
                  "sms_code_cancel": null,
                  "sms_code_error": null,
                  "sms_code_field_label": null,
                  "sms_code_message": null,
                  "sms_code_submit": null,
                  "sms_code_title": null,
                  "sms_country_field_label": null,
                  "sms_country_format": null,
                  "sms_have_access_code": "a",
                  "sms_message_format": null,
                  "sms_number_cancel": null,
                  "sms_number_error": null,
                  "sms_number_field_label": null,
                  "sms_number_format": null,
                  "sms_number_message": null,
                  "sms_number_submit": null,
                  "sms_number_title": null,
                  "sms_username_format": null,
                  "sponsor_back_link": null,
                  "sponsor_cancel": null,
                  "sponsor_email": null,
                  "sponsor_email_error": null,
                  "sponsor_info_approved": null,
                  "sponsor_info_denied": null,
                  "sponsor_info_pending": null,
                  "sponsor_name": null,
                  "sponsor_name_error": null,
                  "sponsor_note_pending": null,
                  "sponsor_request_access": null,
                  "sponsor_status_approved": null,
                  "sponsor_status_denied": null,
                  "sponsor_status_pending": null,
                  "sponsor_submit": null,
                  "sponsors_error": null,
                  "sponsors_field_label": null,
                  "tos_accept_label": null,
                  "tos_error": null,
                  "tos_link": null,
                  "tos_text": null
                },
                "sv-SE": {
                  "auth_button_amazon": null,
                  "auth_button_azure": null,
                  "auth_button_email": null,
                  "auth_button_facebook": null,
                  "auth_button_google": null,
                  "auth_button_microsoft": null,
                  "auth_button_passphrase": null,
                  "auth_button_sms": null,
                  "auth_button_sponsor": null,
                  "auth_label": null,
                  "back_link": null,
                  "company_error": null,
                  "company_label": null,
                  "email_access_domain_error": null,
                  "email_cancel": null,
                  "email_code_cancel": null,
                  "email_code_error": null,
                  "email_code_field_label": null,
                  "email_code_message": null,
                  "email_code_submit": null,
                  "email_code_title": null,
                  "email_error": null,
                  "email_field_label": null,
                  "email_label": null,
                  "email_message": null,
                  "email_submit": null,
                  "email_title": null,
                  "field1error": null,
                  "field1label": null,
                  "field2error": null,
                  "field2label": null,
                  "field3error": null,
                  "field3label": null,
                  "field4error": null,
                  "field4label": null,
                  "message": null,
                  "name_error": null,
                  "name_label": null,
                  "optout_label": null,
                  "page_title": null,
                  "passphrase_cancel": null,
                  "passphrase_error": null,
                  "passphrase_label": null,
                  "passphrase_message": null,
                  "passphrase_submit": null,
                  "passphrase_title": null,
                  "privacy_policy_accept_label": null,
                  "privacy_policy_error": null,
                  "privacy_policy_link": null,
                  "privacy_policy_text": null,
                  "required_field_label": null,
                  "sign_in_label": null,
                  "sms_carrier_default": null,
                  "sms_carrier_error": null,
                  "sms_carrier_field_label": null,
                  "sms_code_cancel": null,
                  "sms_code_error": null,
                  "sms_code_field_label": null,
                  "sms_code_message": null,
                  "sms_code_submit": null,
                  "sms_code_title": null,
                  "sms_country_field_label": null,
                  "sms_country_format": null,
                  "sms_have_access_code": "a",
                  "sms_message_format": null,
                  "sms_number_cancel": null,
                  "sms_number_error": null,
                  "sms_number_field_label": null,
                  "sms_number_format": null,
                  "sms_number_message": null,
                  "sms_number_submit": null,
                  "sms_number_title": null,
                  "sms_username_format": null,
                  "sponsor_back_link": null,
                  "sponsor_cancel": null,
                  "sponsor_email": null,
                  "sponsor_email_error": null,
                  "sponsor_info_approved": null,
                  "sponsor_info_denied": null,
                  "sponsor_info_pending": null,
                  "sponsor_name": null,
                  "sponsor_name_error": null,
                  "sponsor_note_pending": null,
                  "sponsor_request_access": null,
                  "sponsor_status_approved": null,
                  "sponsor_status_denied": null,
                  "sponsor_status_pending": null,
                  "sponsor_submit": null,
                  "sponsors_error": null,
                  "sponsors_field_label": null,
                  "tos_accept_label": null,
                  "tos_error": null,
                  "tos_link": null,
                  "tos_text": null
                },
                "th-TH": {
                  "auth_button_amazon": null,
                  "auth_button_azure": null,
                  "auth_button_email": null,
                  "auth_button_facebook": null,
                  "auth_button_google": null,
                  "auth_button_microsoft": null,
                  "auth_button_passphrase": null,
                  "auth_button_sms": null,
                  "auth_button_sponsor": null,
                  "auth_label": null,
                  "back_link": null,
                  "company_error": null,
                  "company_label": null,
                  "email_access_domain_error": null,
                  "email_cancel": null,
                  "email_code_cancel": null,
                  "email_code_error": null,
                  "email_code_field_label": null,
                  "email_code_message": null,
                  "email_code_submit": null,
                  "email_code_title": null,
                  "email_error": null,
                  "email_field_label": null,
                  "email_label": null,
                  "email_message": null,
                  "email_submit": null,
                  "email_title": null,
                  "field1error": null,
                  "field1label": null,
                  "field2error": null,
                  "field2label": null,
                  "field3error": null,
                  "field3label": null,
                  "field4error": null,
                  "field4label": null,
                  "message": null,
                  "name_error": null,
                  "name_label": null,
                  "optout_label": null,
                  "page_title": null,
                  "passphrase_cancel": null,
                  "passphrase_error": null,
                  "passphrase_label": null,
                  "passphrase_message": null,
                  "passphrase_submit": null,
                  "passphrase_title": null,
                  "privacy_policy_accept_label": null,
                  "privacy_policy_error": null,
                  "privacy_policy_link": null,
                  "privacy_policy_text": null,
                  "required_field_label": null,
                  "sign_in_label": null,
                  "sms_carrier_default": null,
                  "sms_carrier_error": null,
                  "sms_carrier_field_label": null,
                  "sms_code_cancel": null,
                  "sms_code_error": null,
                  "sms_code_field_label": null,
                  "sms_code_message": null,
                  "sms_code_submit": null,
                  "sms_code_title": null,
                  "sms_country_field_label": null,
                  "sms_country_format": null,
                  "sms_have_access_code": "a",
                  "sms_message_format": null,
                  "sms_number_cancel": null,
                  "sms_number_error": null,
                  "sms_number_field_label": null,
                  "sms_number_format": null,
                  "sms_number_message": null,
                  "sms_number_submit": null,
                  "sms_number_title": null,
                  "sms_username_format": null,
                  "sponsor_back_link": null,
                  "sponsor_cancel": null,
                  "sponsor_email": null,
                  "sponsor_email_error": null,
                  "sponsor_info_approved": null,
                  "sponsor_info_denied": null,
                  "sponsor_info_pending": null,
                  "sponsor_name": null,
                  "sponsor_name_error": null,
                  "sponsor_note_pending": null,
                  "sponsor_request_access": null,
                  "sponsor_status_approved": null,
                  "sponsor_status_denied": null,
                  "sponsor_status_pending": null,
                  "sponsor_submit": null,
                  "sponsors_error": null,
                  "sponsors_field_label": null,
                  "tos_accept_label": null,
                  "tos_error": null,
                  "tos_link": null,
                  "tos_text": null
                },
                "tr-TR": {
                  "auth_button_amazon": null,
                  "auth_button_azure": null,
                  "auth_button_email": null,
                  "auth_button_facebook": null,
                  "auth_button_google": null,
                  "auth_button_microsoft": null,
                  "auth_button_passphrase": null,
                  "auth_button_sms": null,
                  "auth_button_sponsor": null,
                  "auth_label": null,
                  "back_link": null,
                  "company_error": null,
                  "company_label": null,
                  "email_access_domain_error": null,
                  "email_cancel": null,
                  "email_code_cancel": null,
                  "email_code_error": null,
                  "email_code_field_label": null,
                  "email_code_message": null,
                  "email_code_submit": null,
                  "email_code_title": null,
                  "email_error": null,
                  "email_field_label": null,
                  "email_label": null,
                  "email_message": null,
                  "email_submit": null,
                  "email_title": null,
                  "field1error": null,
                  "field1label": null,
                  "field2error": null,
                  "field2label": null,
                  "field3error": null,
                  "field3label": null,
                  "field4error": null,
                  "field4label": null,
                  "message": null,
                  "name_error": null,
                  "name_label": null,
                  "optout_label": null,
                  "page_title": null,
                  "passphrase_cancel": null,
                  "passphrase_error": null,
                  "passphrase_label": null,
                  "passphrase_message": null,
                  "passphrase_submit": null,
                  "passphrase_title": null,
                  "privacy_policy_accept_label": null,
                  "privacy_policy_error": null,
                  "privacy_policy_link": null,
                  "privacy_policy_text": null,
                  "required_field_label": null,
                  "sign_in_label": null,
                  "sms_carrier_default": null,
                  "sms_carrier_error": null,
                  "sms_carrier_field_label": null,
                  "sms_code_cancel": null,
                  "sms_code_error": null,
                  "sms_code_field_label": null,
                  "sms_code_message": null,
                  "sms_code_submit": null,
                  "sms_code_title": null,
                  "sms_country_field_label": null,
                  "sms_country_format": null,
                  "sms_have_access_code": "a",
                  "sms_message_format": null,
                  "sms_number_cancel": null,
                  "sms_number_error": null,
                  "sms_number_field_label": null,
                  "sms_number_format": null,
                  "sms_number_message": null,
                  "sms_number_submit": null,
                  "sms_number_title": null,
                  "sms_username_format": null,
                  "sponsor_back_link": null,
                  "sponsor_cancel": null,
                  "sponsor_email": null,
                  "sponsor_email_error": null,
                  "sponsor_info_approved": null,
                  "sponsor_info_denied": null,
                  "sponsor_info_pending": null,
                  "sponsor_name": null,
                  "sponsor_name_error": null,
                  "sponsor_note_pending": null,
                  "sponsor_request_access": null,
                  "sponsor_status_approved": null,
                  "sponsor_status_denied": null,
                  "sponsor_status_pending": null,
                  "sponsor_submit": null,
                  "sponsors_error": null,
                  "sponsors_field_label": null,
                  "tos_accept_label": null,
                  "tos_error": null,
                  "tos_link": null,
                  "tos_text": null
                },
                "uk-UA": {
                  "auth_button_amazon": null,
                  "auth_button_azure": null,
                  "auth_button_email": null,
                  "auth_button_facebook": null,
                  "auth_button_google": null,
                  "auth_button_microsoft": null,
                  "auth_button_passphrase": null,
                  "auth_button_sms": null,
                  "auth_button_sponsor": null,
                  "auth_label": null,
                  "back_link": null,
                  "company_error": null,
                  "company_label": null,
                  "email_access_domain_error": null,
                  "email_cancel": null,
                  "email_code_cancel": null,
                  "email_code_error": null,
                  "email_code_field_label": null,
                  "email_code_message": null,
                  "email_code_submit": null,
                  "email_code_title": null,
                  "email_error": null,
                  "email_field_label": null,
                  "email_label": null,
                  "email_message": null,
                  "email_submit": null,
                  "email_title": null,
                  "field1error": null,
                  "field1label": null,
                  "field2error": null,
                  "field2label": null,
                  "field3error": null,
                  "field3label": null,
                  "field4error": null,
                  "field4label": null,
                  "message": null,
                  "name_error": null,
                  "name_label": null,
                  "optout_label": null,
                  "page_title": null,
                  "passphrase_cancel": null,
                  "passphrase_error": null,
                  "passphrase_label": null,
                  "passphrase_message": null,
                  "passphrase_submit": null,
                  "passphrase_title": null,
                  "privacy_policy_accept_label": null,
                  "privacy_policy_error": null,
                  "privacy_policy_link": null,
                  "privacy_policy_text": null,
                  "required_field_label": null,
                  "sign_in_label": null,
                  "sms_carrier_default": null,
                  "sms_carrier_error": null,
                  "sms_carrier_field_label": null,
                  "sms_code_cancel": null,
                  "sms_code_error": null,
                  "sms_code_field_label": null,
                  "sms_code_message": null,
                  "sms_code_submit": null,
                  "sms_code_title": null,
                  "sms_country_field_label": null,
                  "sms_country_format": null,
                  "sms_have_access_code": "a",
                  "sms_message_format": null,
                  "sms_number_cancel": null,
                  "sms_number_error": null,
                  "sms_number_field_label": null,
                  "sms_number_format": null,
                  "sms_number_message": null,
                  "sms_number_submit": null,
                  "sms_number_title": null,
                  "sms_username_format": null,
                  "sponsor_back_link": null,
                  "sponsor_cancel": null,
                  "sponsor_email": null,
                  "sponsor_email_error": null,
                  "sponsor_info_approved": null,
                  "sponsor_info_denied": null,
                  "sponsor_info_pending": null,
                  "sponsor_name": null,
                  "sponsor_name_error": null,
                  "sponsor_note_pending": null,
                  "sponsor_request_access": null,
                  "sponsor_status_approved": null,
                  "sponsor_status_denied": null,
                  "sponsor_status_pending": null,
                  "sponsor_submit": null,
                  "sponsors_error": null,
                  "sponsors_field_label": null,
                  "tos_accept_label": null,
                  "tos_error": null,
                  "tos_link": null,
                  "tos_text": null
                },
                "vi-VN": {
                  "auth_button_amazon": null,
                  "auth_button_azure": null,
                  "auth_button_email": null,
                  "auth_button_facebook": null,
                  "auth_button_google": null,
                  "auth_button_microsoft": null,
                  "auth_button_passphrase": null,
                  "auth_button_sms": null,
                  "auth_button_sponsor": null,
                  "auth_label": null,
                  "back_link": null,
                  "company_error": null,
                  "company_label": null,
                  "email_access_domain_error": null,
                  "email_cancel": null,
                  "email_code_cancel": null,
                  "email_code_error": null,
                  "email_code_field_label": null,
                  "email_code_message": null,
                  "email_code_submit": null,
                  "email_code_title": null,
                  "email_error": null,
                  "email_field_label": null,
                  "email_label": null,
                  "email_message": null,
                  "email_submit": null,
                  "email_title": null,
                  "field1error": null,
                  "field1label": null,
                  "field2error": null,
                  "field2label": null,
                  "field3error": null,
                  "field3label": null,
                  "field4error": null,
                  "field4label": null,
                  "message": null,
                  "name_error": null,
                  "name_label": null,
                  "optout_label": null,
                  "page_title": null,
                  "passphrase_cancel": null,
                  "passphrase_error": null,
                  "passphrase_label": null,
                  "passphrase_message": null,
                  "passphrase_submit": null,
                  "passphrase_title": null,
                  "privacy_policy_accept_label": null,
                  "privacy_policy_error": null,
                  "privacy_policy_link": null,
                  "privacy_policy_text": null,
                  "required_field_label": null,
                  "sign_in_label": null,
                  "sms_carrier_default": null,
                  "sms_carrier_error": null,
                  "sms_carrier_field_label": null,
                  "sms_code_cancel": null,
                  "sms_code_error": null,
                  "sms_code_field_label": null,
                  "sms_code_message": null,
                  "sms_code_submit": null,
                  "sms_code_title": null,
                  "sms_country_field_label": null,
                  "sms_country_format": null,
                  "sms_have_access_code": "a",
                  "sms_message_format": null,
                  "sms_number_cancel": null,
                  "sms_number_error": null,
                  "sms_number_field_label": null,
                  "sms_number_format": null,
                  "sms_number_message": null,
                  "sms_number_submit": null,
                  "sms_number_title": null,
                  "sms_username_format": null,
                  "sponsor_back_link": null,
                  "sponsor_cancel": null,
                  "sponsor_email": null,
                  "sponsor_email_error": null,
                  "sponsor_info_approved": null,
                  "sponsor_info_denied": null,
                  "sponsor_info_pending": null,
                  "sponsor_name": null,
                  "sponsor_name_error": null,
                  "sponsor_note_pending": null,
                  "sponsor_request_access": null,
                  "sponsor_status_approved": null,
                  "sponsor_status_denied": null,
                  "sponsor_status_pending": null,
                  "sponsor_submit": null,
                  "sponsors_error": null,
                  "sponsors_field_label": null,
                  "tos_accept_label": null,
                  "tos_error": null,
                  "tos_link": null,
                  "tos_text": null
                },
                "zh-Hans": {
                  "auth_button_amazon": null,
                  "auth_button_azure": null,
                  "auth_button_email": null,
                  "auth_button_facebook": null,
                  "auth_button_google": null,
                  "auth_button_microsoft": null,
                  "auth_button_passphrase": null,
                  "auth_button_sms": null,
                  "auth_button_sponsor": null,
                  "auth_label": null,
                  "back_link": null,
                  "company_error": null,
                  "company_label": null,
                  "email_access_domain_error": null,
                  "email_cancel": null,
                  "email_code_cancel": null,
                  "email_code_error": null,
                  "email_code_field_label": null,
                  "email_code_message": null,
                  "email_code_submit": null,
                  "email_code_title": null,
                  "email_error": null,
                  "email_field_label": null,
                  "email_label": null,
                  "email_message": null,
                  "email_submit": null,
                  "email_title": null,
                  "field1error": null,
                  "field1label": null,
                  "field2error": null,
                  "field2label": null,
                  "field3error": null,
                  "field3label": null,
                  "field4error": null,
                  "field4label": null,
                  "message": null,
                  "name_error": null,
                  "name_label": null,
                  "optout_label": null,
                  "page_title": null,
                  "passphrase_cancel": null,
                  "passphrase_error": null,
                  "passphrase_label": null,
                  "passphrase_message": null,
                  "passphrase_submit": null,
                  "passphrase_title": null,
                  "privacy_policy_accept_label": null,
                  "privacy_policy_error": null,
                  "privacy_policy_link": null,
                  "privacy_policy_text": null,
                  "required_field_label": null,
                  "sign_in_label": null,
                  "sms_carrier_default": null,
                  "sms_carrier_error": null,
                  "sms_carrier_field_label": null,
                  "sms_code_cancel": null,
                  "sms_code_error": null,
                  "sms_code_field_label": null,
                  "sms_code_message": null,
                  "sms_code_submit": null,
                  "sms_code_title": null,
                  "sms_country_field_label": null,
                  "sms_country_format": null,
                  "sms_have_access_code": "a",
                  "sms_message_format": null,
                  "sms_number_cancel": null,
                  "sms_number_error": null,
                  "sms_number_field_label": null,
                  "sms_number_format": null,
                  "sms_number_message": null,
                  "sms_number_submit": null,
                  "sms_number_title": null,
                  "sms_username_format": null,
                  "sponsor_back_link": null,
                  "sponsor_cancel": null,
                  "sponsor_email": null,
                  "sponsor_email_error": null,
                  "sponsor_info_approved": null,
                  "sponsor_info_denied": null,
                  "sponsor_info_pending": null,
                  "sponsor_name": null,
                  "sponsor_name_error": null,
                  "sponsor_note_pending": null,
                  "sponsor_request_access": null,
                  "sponsor_status_approved": null,
                  "sponsor_status_denied": null,
                  "sponsor_status_pending": null,
                  "sponsor_submit": null,
                  "sponsors_error": null,
                  "sponsors_field_label": null,
                  "tos_accept_label": null,
                  "tos_error": null,
                  "tos_link": null,
                  "tos_text": null
                },
                "zh-Hant": {
                  "auth_button_amazon": null,
                  "auth_button_azure": null,
                  "auth_button_email": null,
                  "auth_button_facebook": null,
                  "auth_button_google": null,
                  "auth_button_microsoft": null,
                  "auth_button_passphrase": null,
                  "auth_button_sms": null,
                  "auth_button_sponsor": null,
                  "auth_label": null,
                  "back_link": null,
                  "company_error": null,
                  "company_label": null,
                  "email_access_domain_error": null,
                  "email_cancel": null,
                  "email_code_cancel": null,
                  "email_code_error": null,
                  "email_code_field_label": null,
                  "email_code_message": null,
                  "email_code_submit": null,
                  "email_code_title": null,
                  "email_error": null,
                  "email_field_label": null,
                  "email_label": null,
                  "email_message": null,
                  "email_submit": null,
                  "email_title": null,
                  "field1error": null,
                  "field1label": null,
                  "field2error": null,
                  "field2label": null,
                  "field3error": null,
                  "field3label": null,
                  "field4error": null,
                  "field4label": null,
                  "message": null,
                  "name_error": null,
                  "name_label": null,
                  "optout_label": null,
                  "page_title": null,
                  "passphrase_cancel": null,
                  "passphrase_error": null,
                  "passphrase_label": null,
                  "passphrase_message": null,
                  "passphrase_submit": null,
                  "passphrase_title": null,
                  "privacy_policy_accept_label": null,
                  "privacy_policy_error": null,
                  "privacy_policy_link": null,
                  "privacy_policy_text": null,
                  "required_field_label": null,
                  "sign_in_label": null,
                  "sms_carrier_default": null,
                  "sms_carrier_error": null,
                  "sms_carrier_field_label": null,
                  "sms_code_cancel": null,
                  "sms_code_error": null,
                  "sms_code_field_label": null,
                  "sms_code_message": null,
                  "sms_code_submit": null,
                  "sms_code_title": null,
                  "sms_country_field_label": null,
                  "sms_country_format": null,
                  "sms_have_access_code": "a",
                  "sms_message_format": null,
                  "sms_number_cancel": null,
                  "sms_number_error": null,
                  "sms_number_field_label": null,
                  "sms_number_format": null,
                  "sms_number_message": null,
                  "sms_number_submit": null,
                  "sms_number_title": null,
                  "sms_username_format": null,
                  "sponsor_back_link": null,
                  "sponsor_cancel": null,
                  "sponsor_email": null,
                  "sponsor_email_error": null,
                  "sponsor_info_approved": null,
                  "sponsor_info_denied": null,
                  "sponsor_info_pending": null,
                  "sponsor_name": null,
                  "sponsor_name_error": null,
                  "sponsor_note_pending": null,
                  "sponsor_request_access": null,
                  "sponsor_status_approved": null,
                  "sponsor_status_denied": null,
                  "sponsor_status_pending": null,
                  "sponsor_submit": null,
                  "sponsors_error": null,
                  "sponsors_field_label": null,
                  "tos_accept_label": null,
                  "tos_error": null,
                  "tos_link": null,
                  "tos_text": null
                }
              },
              "logo": "",
              "message": "Sign in to get online",
              "multi_auth": false,
              "name": true,
              "name_error": "Please provide your name",
              "name_label": "Name",
              "opt_out_default": true,
              "optout": true,
              "optout_label": "Do not store",
              "page_title": "Welcome",
              "passphrase_cancel": "Cancel",
              "passphrase_error": "Invalid Passphrase",
              "passphrase_label": "Passphrase",
              "passphrase_message": "Enter the secret passphrase to access the WiFi network.",
              "passphrase_submit": "Sign in",
              "passphrase_title": "Sign in with Passphrase",
              "powered_by": true,
              "privacy": false,
              "privacy_policy_accept_label": "I accept the Privacy Terms",
              "privacy_policy_error": "Please review and accept the Privacy Terms",
              "privacy_policy_link": "Privacy Terms",
              "privacy_policy_text": "\u003c\u003c provide your Privacy Terms here \u003e\u003e",
              "required_field_label": "required",
              "responsive_layout": true,
              "sign_in_label": "Sign In",
              "sms_carrier_default": "Please Select",
              "sms_carrier_error": "Please select a mobile carrier",
              "sms_carrier_field_label": "Mobile Carrier",
              "sms_code_cancel": "I did not receive the code",
              "sms_code_error": "Invalid Access Code",
              "sms_code_field_label": "Confirmation Code",
              "sms_code_message": "Enter the access number that was sent to your mobile number.",
              "sms_code_submit": "Sign In",
              "sms_code_title": "Access Code",
              "sms_country_field_label": "Country Code",
              "sms_country_format": "+1",
              "sms_have_access_code": "I have an access code",
              "sms_is_twilio": false,
              "sms_message_format": "Code {{code}} expires in {{duration}} minutes.",
              "sms_number_cancel": "Cancel",
              "sms_number_error": "Invalid Mobile Number",
              "sms_number_field_label": "Mobile Number",
              "sms_number_format": "2125551212 (digits only)",
              "sms_number_message": "We will send an access code to your mobile number which you can use to connect to the WiFi network. Message and data rates may apply.",
              "sms_number_submit": "Send Access Code",
              "sms_number_title": "Sign in with Text Message",
              "sms_username_format": "username",
              "sms_validity_duration": 10,
              "sponsor_back_link": "Go back and edit request form",
              "sponsor_cancel": "Cancel",
              "sponsor_email": "Sponsor Email",
              "sponsor_email_error": "Please provide valid sponsor email",
              "sponsor_email_template": "",
              "sponsor_info_approved": "Your request was approved by",
              "sponsor_info_denied": "Your request was denied by",
              "sponsor_info_pending": "Your notification has been sent to",
              "sponsor_name": "Sponsor Name",
              "sponsor_name_error": "Please provide sponsor name",
              "sponsor_note_pending": "Please wait for them to acknowledge.",
              "sponsor_request_access": "Request WiFi Access",
              "sponsor_status_approved": "Your request was approved",
              "sponsor_status_denied": "Your request was denied",
              "sponsor_status_pending": "Notification Sent",
              "sponsor_submit": "Request WiFi Access",
              "sponsors_error": "Please select a sponsor",
              "sponsors_field_label": "Sponsors",
              "tos": true,
              "tos_accept_label": "I accept the Terms of Service",
              "tos_error": "Please review and accept the Terms of Service",
              "tos_link": "Terms of Service",
              "tos_text": "\u003c\u003c provide your Terms of Service here \u003e\u003e"
            },
            "wlan_id": "8c59bf78-4ba6-42d8-843a-5d435257d2b4"
          },
          "sensitive_attributes": [],
          "dependencies": [
            "mist_org.terraform_test",
            "mist_org_wlan.test_open",
            "mist_org_wlantemplate.wlantemplate_one"
          ]
        }
      ]
    },
    {
      "mode": "managed",
      "type": "mist_org_wlantemplate",
      "name": "wlantemplate_one",
      "provider": "provider[\"registry.terraform.io/juniper/mist\"]",
      "instances": [
        {
          "schema_version": 0,
          "attributes": {
            "applies": null,
            "deviceprofile_ids": [],
            "exceptions": null,
            "filter_by_deviceprofile": false,
            "id": "2d738124-01dd-4249-b3b9-34beca91ac28",
            "name": "wlantemplate",
            "org_id": "992bf4b9-c900-4850-9992-107b2f9df928"
          },
          "sensitive_attributes": [],
          "dependencies": [
            "mist_org.terraform_test"
          ]
        }
      ]
    },
    {
      "mode": "managed",
      "type": "mist_site",
      "name": "site_two",
      "provider": "provider[\"registry.terraform.io/juniper/mist\"]",
      "instances": [
        {
          "schema_version": 0,
          "attributes": {
            "address": "77 Terrasse de l'Université, 92000 Nanterre, France",
            "alarmtemplate_id": null,
            "aptemplate_id": null,
            "country_code": "FR",
            "gatewaytemplate_id": null,
            "id": "dcad8799-e3a5-4f81-98bd-89fb0a8e75d7",
            "latlng": {
              "lat": 48.899268,
              "lng": 2.214447
            },
            "name": "terraform_site2",
            "networktemplate_id": null,
            "notes": "Created with Terraform, Updated with Terraform",
            "org_id": "992bf4b9-c900-4850-9992-107b2f9df928",
            "rftemplate_id": null,
            "secpolicy_id": null,
            "sitegroup_ids": null,
            "sitetemplate_id": null,
            "timezone": "Europe/Paris"
          },
          "sensitive_attributes": [],
          "dependencies": [
            "mist_org.terraform_test"
          ]
        }
      ]
    },
    {
      "mode": "managed",
      "type": "mist_site",
      "name": "terraform_site",
      "provider": "provider[\"registry.terraform.io/juniper/mist\"]",
      "instances": [
        {
          "schema_version": 0,
          "attributes": {
            "address": "77 Terrasse de l'Université, 92000 Nanterre, France",
            "alarmtemplate_id": null,
            "aptemplate_id": null,
            "country_code": "FR",
            "gatewaytemplate_id": null,
            "id": "d7c8364e-f2f4-48ca-907e-37eff0475b03",
            "latlng": {
              "lat": 48.899268,
              "lng": 2.214447
            },
            "name": "terraform_site",
            "networktemplate_id": null,
            "notes": "Created with Terraform, Updated with Terraform",
            "org_id": "992bf4b9-c900-4850-9992-107b2f9df928",
            "rftemplate_id": null,
            "secpolicy_id": null,
            "sitegroup_ids": null,
            "sitetemplate_id": null,
            "timezone": "Europe/Paris"
          },
          "sensitive_attributes": [],
          "dependencies": [
            "mist_org.terraform_test"
          ]
        }
      ]
    },
    {
      "mode": "managed",
      "type": "mist_site_networktemplate",
      "name": "site_switch_template",
      "provider": "provider[\"registry.terraform.io/juniper/mist\"]",
      "instances": [
        {
          "schema_version": 0,
          "attributes": {
            "acl_policies": null,
            "acl_tags": null,
            "additional_config_cmds": [
              "set system hostnam test",
              "set system services ssh root-login allow"
            ],
            "dhcp_snooping": null,
            "dns_servers": [
              "10.3.51.222"
            ],
            "dns_suffix": [
              "stag.one"
            ],
            "extra_routes": null,
            "extra_routes6": null,
            "mist_nac": null,
            "networks": {
              "test": {
                "isolation": false,
                "isolation_vlan_id": null,
                "subnet": "1.2.3.0/24",
                "vlan_id": "10"
              },
              "test2": {
                "isolation": false,
                "isolation_vlan_id": null,
                "subnet": "1.2.3.0/24",
                "vlan_id": "11"
              }
            },
            "ntp_servers": [
              "10.3.51.222"
            ],
            "ospf_areas": null,
            "port_mirroring": {
              "mcd-sw1-span": {
                "input_networks_ingress": [
                  "CORE"
                ],
                "input_port_ids_egress": [],
                "input_port_ids_ingress": [],
                "output_network": null,
                "output_port_id": "ge-0/0/42"
              },
              "test": {
                "input_networks_ingress": [],
                "input_port_ids_egress": [
                  "ge-0/0/3"
                ],
                "input_port_ids_ingress": [
                  "ge-0/0/3"
                ],
                "output_network": null,
                "output_port_id": "ge-0/0/10"
              },
              "test2": {
                "input_networks_ingress": [
                  "default"
                ],
                "input_port_ids_egress": [],
                "input_port_ids_ingress": [],
                "output_network": "prx",
                "output_port_id": null
              },
              "test3": {
                "input_networks_ingress": [
                  "default"
                ],
                "input_port_ids_egress": [],
                "input_port_ids_ingress": [],
                "output_network": null,
                "output_port_id": "ge-0/0/10"
              }
            },
            "port_usages": {
              "disabled_port": {
                "all_networks": false,
                "allow_dhcpd": null,
                "allow_multiple_supplicants": false,
                "bypass_auth_when_server_down": false,
                "bypass_auth_when_server_down_for_unkonwn_client": false,
                "description": null,
                "disable_autoneg": false,
                "disabled": true,
                "duplex": "auto",
                "dynamic_vlan_networks": [],
                "enable_mac_auth": false,
                "enable_qos": false,
                "guest_network": null,
                "inter_switch_link": false,
                "mac_auth_only": null,
                "mac_auth_preferred": null,
                "mac_auth_protocol": "eap-md5",
                "mac_limit": 0,
                "mode": "access",
                "mtu": null,
                "networks": [],
                "persist_mac": false,
                "poe_disabled": false,
                "port_auth": null,
                "port_network": "default",
                "reauth_interval": 3600,
                "reset_default_when": "link_down",
                "rules": null,
                "server_fail_network": null,
                "server_reject_network": null,
                "speed": null,
                "storm_control": null,
                "stp_edge": false,
                "stp_no_root_port": false,
                "stp_p2p": false,
                "voip_network": null
              },
              "trunk": {
                "all_networks": true,
                "allow_dhcpd": null,
                "allow_multiple_supplicants": false,
                "bypass_auth_when_server_down": false,
                "bypass_auth_when_server_down_for_unkonwn_client": false,
                "description": "profile for trunk ports",
                "disable_autoneg": false,
                "disabled": false,
                "duplex": "auto",
                "dynamic_vlan_networks": [],
                "enable_mac_auth": false,
                "enable_qos": true,
                "guest_network": null,
                "inter_switch_link": false,
                "mac_auth_only": null,
                "mac_auth_preferred": null,
                "mac_auth_protocol": "eap-md5",
                "mac_limit": 0,
                "mode": "trunk",
                "mtu": null,
                "networks": [],
                "persist_mac": false,
                "poe_disabled": false,
                "port_auth": null,
                "port_network": "test2",
                "reauth_interval": 3600,
                "reset_default_when": "link_down",
                "rules": null,
                "server_fail_network": null,
                "server_reject_network": null,
                "speed": null,
                "storm_control": {
                  "no_broadcast": false,
                  "no_multicast": false,
                  "no_registered_multicast": false,
                  "no_unknown_unicast": false,
                  "percentage": 15
                },
                "stp_edge": false,
                "stp_no_root_port": false,
                "stp_p2p": false,
                "voip_network": null
              }
            },
            "radius_config": {
              "acct_interim_interval": 60,
              "acct_servers": [
                {
                  "host": "1.2.3.4",
                  "keywrap_enabled": null,
                  "keywrap_format": null,
                  "keywrap_kek": null,
                  "keywrap_mack": null,
                  "port": 1813,
                  "secret": "secret"
                }
              ],
              "auth_servers": [
                {
                  "host": "1.2.3.4",
                  "keywrap_enabled": null,
                  "keywrap_format": null,
                  "keywrap_kek": null,
                  "keywrap_mack": null,
                  "port": 1812,
                  "require_message_authenticator": false,
                  "secret": "secret"
                }
              ],
              "auth_servers_retries": 3,
              "auth_servers_timeout": 5,
              "coa_enabled": true,
              "coa_port": 3799,
              "network": "test",
              "source_ip": null
            },
            "remote_syslog": {
              "archive": {
                "files": 2,
                "size": "5m"
              },
              "console": {
                "contents": [
                  {
                    "facility": "kernel",
                    "severity": "alert"
                  }
                ]
              },
              "enabled": true,
              "files": null,
              "network": "test",
              "send_to_all_servers": false,
              "servers": [
                {
                  "contents": [
                    {
                      "facility": "any",
                      "severity": "any"
                    }
                  ],
                  "explicit_priority": null,
                  "facility": "any",
                  "host": "1.2.3.4",
                  "match": null,
                  "port": 514,
                  "protocol": "udp",
                  "routing_instance": null,
                  "severity": "any",
                  "source_address": null,
                  "structured_data": null,
                  "tag": null
                }
              ],
              "time_format": null,
              "users": null
            },
            "remove_existing_configs": false,
            "site_id": "d7c8364e-f2f4-48ca-907e-37eff0475b03",
            "snmp_config": null,
            "switch_matching": {
              "enable": true,
              "rules": [
                {
                  "additional_config_cmds": [
                    "set system name-server 8.8.8.8"
                  ],
                  "ip_config": null,
                  "match_role": "access",
                  "match_type": "match_name[0:3]",
                  "match_value": "abc",
                  "name": "access",
                  "oob_ip_config": null,
                  "port_config": {
                    "ge-0/0/0-10": {
                      "ae_disable_lacp": null,
                      "ae_idx": null,
                      "ae_lacp_slow": true,
                      "aggregated": false,
                      "critical": null,
                      "description": null,
                      "disable_autoneg": false,
                      "duplex": "auto",
                      "dynamic_usage": null,
                      "esilag": null,
                      "mtu": 1514,
                      "no_local_overwrite": null,
                      "poe_disabled": false,
                      "speed": "auto",
                      "usage": "trunk"
                    }
                  },
                  "port_mirroring": {
                    "test": {
                      "input_networks_ingress": [],
                      "input_port_ids_egress": [
                        "ge-0/0/3"
                      ],
                      "input_port_ids_ingress": [
                        "ge-0/0/3"
                      ],
                      "output_network": null,
                      "output_port_id": "ge-0/0/10"
                    },
                    "test2": {
                      "input_networks_ingress": [
                        "default"
                      ],
                      "input_port_ids_egress": [],
                      "input_port_ids_ingress": [],
                      "output_network": "prx",
                      "output_port_id": null
                    },
                    "test3": {
                      "input_networks_ingress": [
                        "default"
                      ],
                      "input_port_ids_egress": [],
                      "input_port_ids_ingress": [],
                      "output_network": null,
                      "output_port_id": "ge-0/0/10"
                    }
                  }
                },
                {
                  "additional_config_cmds": [
                    "set system name-server 8.8.8.8"
                  ],
                  "ip_config": null,
                  "match_role": "core",
                  "match_type": null,
                  "match_value": null,
                  "name": "core",
                  "oob_ip_config": null,
                  "port_config": {
                    "ge-0/0/0-10": {
                      "ae_disable_lacp": null,
                      "ae_idx": null,
                      "ae_lacp_slow": true,
                      "aggregated": false,
                      "critical": null,
                      "description": null,
                      "disable_autoneg": false,
                      "duplex": "auto",
                      "dynamic_usage": null,
                      "esilag": null,
                      "mtu": 1514,
                      "no_local_overwrite": null,
                      "poe_disabled": false,
                      "speed": "auto",
                      "usage": "trunk"
                    }
                  },
                  "port_mirroring": null
                }
              ]
            },
            "switch_mgmt": {
              "ap_affinity_threshold": 10,
              "cli_banner": null,
              "cli_idle_timeout": null,
              "config_revert_timer": 10,
              "dhcp_option_fqdn": false,
              "disable_oob_down_alarm": null,
              "local_accounts": null,
              "mxedge_proxy_host": null,
              "mxedge_proxy_port": 2222,
              "protect_re": {
                "allowed_services": [],
                "custom": [],
                "enabled": true,
                "trusted_hosts": []
              },
              "root_password": "Juniper123",
              "tacacs": null,
              "use_mxedge_proxy": null
            },
            "uplink_port_config": null,
            "vrf_config": {
              "enabled": true
            },
            "vrf_instances": {
              "fds": {
                "extra_routes": {
                  "1.2.0.0/24": {
                    "via": "1.2.3.4"
                  }
                },
                "networks": [
                  "test"
                ]
              }
            }
          },
          "sensitive_attributes": [
            [
              {
                "type": "get_attr",
                "value": "switch_mgmt"
              },
              {
                "type": "get_attr",
                "value": "root_password"
              }
            ],
            [
              {
                "type": "get_attr",
                "value": "radius_config"
              },
              {
                "type": "get_attr",
                "value": "acct_servers"
              },
              {
                "type": "index",
                "value": {
                  "value": 0,
                  "type": "number"
                }
              },
              {
                "type": "get_attr",
                "value": "secret"
              }
            ],
            [
              {
                "type": "get_attr",
                "value": "radius_config"
              },
              {
                "type": "get_attr",
                "value": "auth_servers"
              },
              {
                "type": "index",
                "value": {
                  "value": 0,
                  "type": "number"
                }
              },
              {
                "type": "get_attr",
                "value": "secret"
              }
            ]
          ],
          "dependencies": [
            "mist_org.terraform_test",
            "mist_site.terraform_site"
          ]
        }
      ]
    },
    {
      "mode": "managed",
      "type": "mist_site_setting",
      "name": "site_two",
      "provider": "provider[\"registry.terraform.io/juniper/mist\"]",
      "instances": [
        {
          "schema_version": 0,
          "attributes": {
            "analytic": null,
            "ap_updown_threshold": 5,
            "auto_upgrade": null,
            "blacklist_url": "",
            "ble_config": null,
            "config_auto_revert": false,
            "config_push_policy": null,
            "critical_url_monitoring": null,
            "device_updown_threshold": 5,
            "disabled_system_defined_port_usages": null,
            "engagement": null,
            "gateway_mgmt": {
              "admin_sshkeys": [],
              "app_probing": {
                "apps": null,
                "custom_apps": [
                  {
                    "address": null,
                    "app_type": null,
                    "hostnames": [
                      "example.com"
                    ],
                    "key": "example.com",
                    "name": "value",
                    "network": null,
                    "protocol": "http",
                    "url": null,
                    "vrf": null
                  }
                ],
                "enabled": null
              },
              "app_usage": null,
              "auto_signature_update": null,
              "config_revert_timer": 10,
              "disable_console": false,
              "disable_oob": false,
              "probe_hosts": [],
              "root_password": null,
              "security_log_source_address": null,
              "security_log_source_interface": null
            },
            "gateway_updown_threshold": 0,
            "led": null,
            "occupancy": null,
            "persist_config_on_device": false,
            "proxy": null,
            "remove_existing_configs": false,
            "report_gatt": false,
            "rogue": null,
            "rtsa": null,
            "simple_alert": null,
            "site_id": "dcad8799-e3a5-4f81-98bd-89fb0a8e75d7",
            "skyatp": null,
            "srx_app": null,
            "ssh_keys": null,
            "ssr": null,
            "switch_updown_threshold": 0,
            "synthetic_test": null,
            "track_anonymous_devices": false,
            "uplink_port_config": null,
            "vars": null,
            "vna": null,
            "vs_instance": null,
            "wan_vna": null,
            "watched_station_url": "",
            "whitelist_url": "",
            "wids": null,
            "wifi": null,
            "wired_vna": null,
            "zone_occupancy_alert": null
          },
          "sensitive_attributes": [
            [
              {
                "type": "get_attr",
                "value": "gateway_mgmt"
              },
              {
                "type": "get_attr",
                "value": "root_password"
              }
            ]
          ],
          "dependencies": [
            "mist_org.terraform_test",
            "mist_site.site_two"
          ]
        }
      ]
    },
    {
      "mode": "managed",
      "type": "mist_site_setting",
      "name": "test",
      "provider": "provider[\"registry.terraform.io/juniper/mist\"]",
      "instances": [
        {
          "schema_version": 0,
          "attributes": {
            "analytic": null,
            "ap_updown_threshold": 5,
            "auto_upgrade": {
              "custom_versions": {},
              "day_of_week": "tue",
              "enabled": true,
              "time_of_day": "02:00",
              "version": "beta"
            },
            "blacklist_url": "",
            "ble_config": null,
            "config_auto_revert": true,
            "config_push_policy": null,
            "critical_url_monitoring": null,
            "device_updown_threshold": 5,
            "disabled_system_defined_port_usages": null,
            "engagement": null,
            "gateway_mgmt": {
              "admin_sshkeys": [],
              "app_probing": {
                "apps": null,
                "custom_apps": [
                  {
                    "address": "",
                    "app_type": null,
                    "hostnames": [
                      "1.2.3.5"
                    ],
                    "key": "1.2.3.5",
                    "name": "test1",
                    "network": null,
                    "protocol": "icmp",
                    "url": null,
                    "vrf": null
                  },
                  {
                    "address": "",
                    "app_type": null,
                    "hostnames": [
                      "test.com"
                    ],
                    "key": "test.com",
                    "name": "test2",
                    "network": null,
                    "protocol": "icmp",
                    "url": null,
                    "vrf": null
                  },
                  {
                    "address": null,
                    "app_type": null,
                    "hostnames": [
                      "http://example.com"
                    ],
                    "key": "http://example.com",
                    "name": "test3",
                    "network": null,
                    "protocol": "http",
                    "url": null,
                    "vrf": null
                  },
                  {
                    "address": null,
                    "app_type": null,
                    "hostnames": [
                      "https://example.com"
                    ],
                    "key": "https://example.com",
                    "name": "test4",
                    "network": null,
                    "protocol": "http",
                    "url": null,
                    "vrf": null
                  }
                ],
                "enabled": true
              },
              "app_usage": true,
              "auto_signature_update": {
                "day_of_week": null,
                "enable": true,
                "time_of_day": "02:00"
              },
              "config_revert_timer": 10,
              "disable_console": false,
              "disable_oob": false,
              "probe_hosts": [],
              "root_password": "pwd123",
              "security_log_source_address": null,
              "security_log_source_interface": null
            },
            "gateway_updown_threshold": 0,
            "led": null,
            "occupancy": null,
            "persist_config_on_device": true,
            "proxy": {
              "url": "http://myproxy:3128"
            },
            "remove_existing_configs": false,
            "report_gatt": false,
            "rogue": {
              "enabled": true,
              "honeypot_enabled": true,
              "min_duration": 5,
              "min_rssi": -80,
              "whitelisted_bssids": [],
              "whitelisted_ssids": []
            },
            "rtsa": null,
            "simple_alert": null,
            "site_id": "d7c8364e-f2f4-48ca-907e-37eff0475b03",
            "skyatp": null,
            "srx_app": null,
            "ssh_keys": null,
            "ssr": null,
            "switch_updown_threshold": 0,
            "synthetic_test": null,
            "track_anonymous_devices": false,
            "uplink_port_config": null,
            "vars": {},
            "vna": null,
            "vs_instance": null,
            "wan_vna": null,
            "watched_station_url": "",
            "whitelist_url": "",
            "wids": null,
            "wifi": null,
            "wired_vna": null,
            "zone_occupancy_alert": null
          },
          "sensitive_attributes": [
            [
              {
                "type": "get_attr",
                "value": "gateway_mgmt"
              },
              {
                "type": "get_attr",
                "value": "root_password"
              }
            ]
          ],
          "dependencies": [
            "mist_org.terraform_test",
            "mist_site.terraform_site"
          ]
        }
      ]
    },
    {
      "mode": "managed",
      "type": "mist_site_webhook",
      "name": "webhook_one",
      "provider": "provider[\"registry.terraform.io/juniper/mist\"]",
      "instances": [
        {
          "schema_version": 0,
          "attributes": {
            "enabled": false,
            "headers": null,
            "id": "f3336d17-8458-4c82-a9d3-01d295d6360b",
            "name": "test",
            "oauth2_client_id": null,
            "oauth2_client_secret": null,
            "oauth2_grant_type": null,
            "oauth2_password": null,
            "oauth2_scopes": null,
            "oauth2_token_url": null,
            "oauth2_username": null,
            "org_id": "992bf4b9-c900-4850-9992-107b2f9df928",
            "secret": null,
            "site_id": "d7c8364e-f2f4-48ca-907e-37eff0475b03",
            "splunk_token": null,
            "topics": [
              "audits"
            ],
            "type": "http-post",
            "url": "https://test.com",
            "verify_cert": true
          },
          "sensitive_attributes": [
            [
              {
                "type": "get_attr",
                "value": "secret"
              }
            ],
            [
              {
                "type": "get_attr",
                "value": "oauth2_password"
              }
            ],
            [
              {
                "type": "get_attr",
                "value": "oauth2_client_secret"
              }
            ],
            [
              {
                "type": "get_attr",
                "value": "splunk_token"
              }
            ]
          ],
          "dependencies": [
            "mist_org.terraform_test",
            "mist_site.terraform_site"
          ]
        }
      ]
    },
    {
      "mode": "managed",
      "type": "mist_site_wlan",
      "name": "test_open",
      "provider": "provider[\"registry.terraform.io/juniper/mist\"]",
      "instances": [
        {
          "schema_version": 0,
          "attributes": {
            "acct_immediate_update": false,
            "acct_interim_interval": 0,
            "acct_servers": null,
            "airwatch": null,
            "allow_ipv6_ndp": true,
            "allow_mdns": false,
            "allow_ssdp": true,
            "ap_ids": [],
            "app_limit": null,
            "app_qos": null,
            "apply_to": null,
            "arp_filter": false,
            "auth": null,
            "auth_server_selection": "ordered",
            "auth_servers": null,
            "auth_servers_nas_id": null,
            "auth_servers_nas_ip": null,
            "auth_servers_retries": 2,
            "auth_servers_timeout": 5,
            "band_steer": false,
            "band_steer_force_band5": false,
            "bands": null,
            "block_blacklist_clients": false,
            "bonjour": null,
            "cisco_cwa": null,
            "client_limit_down": null,
            "client_limit_down_enabled": false,
            "client_limit_up": null,
            "client_limit_up_enabled": false,
            "coa_servers": null,
            "disable_11ax": false,
            "disable_ht_vht_rates": false,
            "disable_uapsd": false,
            "disable_v1_roam_notify": false,
            "disable_v2_roam_notify": false,
            "disable_wmm": false,
            "dns_server_rewrite": null,
            "dtim": 2,
            "dynamic_psk": null,
            "dynamic_vlan": null,
            "enable_local_keycaching": false,
            "enable_wireless_bridging": false,
            "enable_wireless_bridging_dhcp_tracking": false,
            "enabled": true,
            "fast_dot1x_timers": false,
            "hide_ssid": false,
            "hostname_ie": false,
            "hotspot20": null,
            "id": "7f490b70-b9d6-4c2e-9439-58466b096040",
            "inject_dhcp_option_82": null,
            "interface": "all",
            "isolation": false,
            "l2_isolation": false,
            "legacy_overds": false,
            "limit_bcast": true,
            "limit_probe_response": false,
            "max_idletime": 1800,
            "mist_nac": null,
            "msp_id": "",
            "mxtunnel_ids": [],
            "mxtunnel_name": [],
            "no_static_dns": false,
            "no_static_ip": false,
            "org_id": "992bf4b9-c900-4850-9992-107b2f9df928",
            "portal": {
              "amazon_client_id": "",
              "amazon_client_secret": "",
              "amazon_email_domains": [],
              "amazon_enabled": false,
              "amazon_expire": 0,
              "auth": "none",
              "azure_client_id": "",
              "azure_client_secret": "",
              "azure_enabled": false,
              "azure_expire": 0,
              "azure_tenant_id": "",
              "broadnet_password": "",
              "broadnet_sid": "MIST",
              "broadnet_user_id": "",
              "bypass_when_cloud_down": false,
              "clickatell_api_key": "",
              "cross_site": false,
              "email_enabled": false,
              "enabled": false,
              "expire": 1440,
              "external_portal_url": "",
              "facebook_client_id": "",
              "facebook_client_secret": "",
              "facebook_email_domains": [],
              "facebook_enabled": false,
              "facebook_expire": 0,
              "forward": false,
              "forward_url": "",
              "google_client_id": "",
              "google_client_secret": "",
              "google_email_domains": [],
              "google_enabled": false,
              "google_expire": 0,
              "gupshup_password": "",
              "gupshup_userid": "",
              "microsoft_client_id": "",
              "microsoft_client_secret": "",
              "microsoft_email_domains": [],
              "microsoft_enabled": false,
              "microsoft_expire": 0,
              "passphrase_enabled": false,
              "passphrase_expire": 0,
              "password": "",
              "predefined_sponsors_enabled": true,
              "predefined_sponsors_hide_email": false,
              "privacy": false,
              "puzzel_password": "",
              "puzzel_service_id": "",
              "puzzel_username": "",
              "sms_enabled": false,
              "sms_expire": 0,
              "sms_message_format": "Code {{code}} expires in {{duration}} minutes.",
              "sms_provider": "manual",
              "sponsor_auto_approve": false,
              "sponsor_email_domains": [],
              "sponsor_enabled": false,
              "sponsor_expire": 0,
              "sponsor_link_validity_duration": "60",
              "sponsor_notify_all": false,
              "sponsor_status_notify": false,
              "sponsors": {},
              "sso_default_role": "",
              "sso_forced_role": "",
              "sso_idp_cert": "",
              "sso_idp_sign_algo": "sha1",
              "sso_idp_sso_url": "",
              "sso_issuer": "",
              "sso_nameid_format": "email",
              "telstra_client_id": "",
              "telstra_client_secret": "",
              "twilio_auth_token": "",
              "twilio_phone_number": "",
              "twilio_sid": ""
            },
            "portal_allowed_hostnames": [],
            "portal_allowed_subnets": [],
            "portal_api_secret": null,
            "portal_denied_hostnames": [],
            "portal_image": null,
            "portal_sso_url": null,
            "portal_template_url": null,
            "qos": null,
            "radsec": null,
            "roam_mode": "NONE",
            "schedule": null,
            "site_id": "d7c8364e-f2f4-48ca-907e-37eff0475b03",
            "sle_excluded": false,
            "ssid": "demo",
            "thumbnail": null,
            "use_eapol_v1": false,
            "vlan_enabled": false,
            "vlan_id": null,
            "vlan_ids": [],
            "vlan_pooling": false,
            "wlan_limit_down": 0,
            "wlan_limit_down_enabled": false,
            "wlan_limit_up": 0,
            "wlan_limit_up_enabled": false,
            "wxtag_ids": [],
            "wxtunnel_id": "",
            "wxtunnel_remote_id": ""
          },
          "sensitive_attributes": [
            [
              {
                "type": "get_attr",
                "value": "portal"
              },
              {
                "type": "get_attr",
                "value": "gupshup_password"
              }
            ],
            [
              {
                "type": "get_attr",
                "value": "portal"
              },
              {
                "type": "get_attr",
                "value": "puzzel_password"
              }
            ],
            [
              {
                "type": "get_attr",
                "value": "portal"
              },
              {
                "type": "get_attr",
                "value": "password"
              }
            ],
            [
              {
                "type": "get_attr",
                "value": "portal"
              },
              {
                "type": "get_attr",
                "value": "broadnet_password"
              }
            ]
          ],
          "dependencies": [
            "mist_org.terraform_test",
            "mist_site.terraform_site"
          ]
        }
      ]
    },
    {
      "mode": "managed",
      "type": "mist_site_wlan",
      "name": "wlan_one",
      "provider": "provider[\"registry.terraform.io/juniper/mist\"]",
      "instances": [
        {
          "schema_version": 0,
          "attributes": {
            "acct_immediate_update": false,
            "acct_interim_interval": 0,
            "acct_servers": null,
            "airwatch": null,
            "allow_ipv6_ndp": true,
            "allow_mdns": false,
            "allow_ssdp": false,
            "ap_ids": [],
            "app_limit": null,
            "app_qos": null,
            "apply_to": null,
            "arp_filter": false,
            "auth": {
              "anticlog_threshold": 16,
              "eap_reauth": false,
              "enable_mac_auth": false,
              "key_idx": 1,
              "keys": [],
              "multi_psk_only": false,
              "owe": "disabled",
              "pairwise": [],
              "private_wlan": false,
              "psk": "secretpsk",
              "type": "psk",
              "wep_as_secondary_auth": false
            },
            "auth_server_selection": "ordered",
            "auth_servers": null,
            "auth_servers_nas_id": null,
            "auth_servers_nas_ip": null,
            "auth_servers_retries": 2,
            "auth_servers_timeout": 5,
            "band_steer": false,
            "band_steer_force_band5": false,
            "bands": [
              "5",
              "6"
            ],
            "block_blacklist_clients": false,
            "bonjour": null,
            "cisco_cwa": null,
            "client_limit_down": null,
            "client_limit_down_enabled": false,
            "client_limit_up": null,
            "client_limit_up_enabled": false,
            "coa_servers": null,
            "disable_11ax": false,
            "disable_ht_vht_rates": false,
            "disable_uapsd": false,
            "disable_v1_roam_notify": false,
            "disable_v2_roam_notify": false,
            "disable_wmm": false,
            "dns_server_rewrite": null,
            "dtim": 2,
            "dynamic_psk": null,
            "dynamic_vlan": {
              "default_vlan_ids": [
                "494"
              ],
              "enabled": true,
              "local_vlan_ids": [],
              "type": "standard",
              "vlans": {
                "460": "",
                "492": "",
                "494": ""
              }
            },
            "enable_local_keycaching": false,
            "enable_wireless_bridging": false,
            "enable_wireless_bridging_dhcp_tracking": false,
            "enabled": true,
            "fast_dot1x_timers": false,
            "hide_ssid": false,
            "hostname_ie": false,
            "hotspot20": null,
            "id": "24856975-c678-4b68-ad28-f837887a7ef7",
            "inject_dhcp_option_82": null,
            "interface": "all",
            "isolation": false,
            "l2_isolation": false,
            "legacy_overds": false,
            "limit_bcast": false,
            "limit_probe_response": false,
            "max_idletime": 1800,
            "mist_nac": null,
            "msp_id": "",
            "mxtunnel_ids": [],
            "mxtunnel_name": [],
            "no_static_dns": false,
            "no_static_ip": false,
            "org_id": "992bf4b9-c900-4850-9992-107b2f9df928",
            "portal": null,
            "portal_allowed_hostnames": [],
            "portal_allowed_subnets": [],
            "portal_api_secret": null,
            "portal_denied_hostnames": [],
            "portal_image": null,
            "portal_sso_url": null,
            "portal_template_url": null,
            "qos": null,
            "radsec": null,
            "roam_mode": "NONE",
            "schedule": null,
            "site_id": "d7c8364e-f2f4-48ca-907e-37eff0475b03",
            "sle_excluded": false,
            "ssid": "wlan_one",
            "thumbnail": null,
            "use_eapol_v1": false,
            "vlan_enabled": false,
            "vlan_id": "143",
            "vlan_ids": [],
            "vlan_pooling": false,
            "wlan_limit_down": 0,
            "wlan_limit_down_enabled": false,
            "wlan_limit_up": 0,
            "wlan_limit_up_enabled": false,
            "wxtag_ids": [],
            "wxtunnel_id": "",
            "wxtunnel_remote_id": ""
          },
          "sensitive_attributes": [
            [
              {
                "type": "get_attr",
                "value": "auth"
              },
              {
                "type": "get_attr",
                "value": "psk"
              }
            ]
          ],
          "dependencies": [
            "mist_org.terraform_test",
            "mist_site.terraform_site"
          ]
        }
      ]
    },
    {
      "mode": "managed",
      "type": "mist_site_wxrule",
      "name": "test_1",
      "provider": "provider[\"registry.terraform.io/juniper/mist\"]",
      "instances": [
        {
          "schema_version": 0,
          "attributes": {
            "action": "allow",
            "apply_tags": null,
            "blocked_apps": null,
            "dst_allow_wxtags": [],
            "dst_deny_wxtags": [
              "cce32672-97b8-4aea-bb62-63836d44cfd5"
            ],
            "enabled": true,
            "id": "6c01377e-c165-4d53-b4d3-959685946630",
            "order": 2,
            "site_id": "d7c8364e-f2f4-48ca-907e-37eff0475b03",
            "src_wxtags": [
              "bdd36378-fd1f-4a9e-99b8-f274b20e4ad1"
            ],
            "template_id": null
          },
          "sensitive_attributes": [],
          "dependencies": [
            "mist_org.terraform_test",
            "mist_site.terraform_site",
            "mist_site_wxtag.test_2",
            "mist_site_wxtag.test_6"
          ]
        }
      ]
    },
    {
      "mode": "managed",
      "type": "mist_site_wxtag",
      "name": "test_2",
      "provider": "provider[\"registry.terraform.io/juniper/mist\"]",
      "instances": [
        {
          "schema_version": 0,
          "attributes": {
            "id": "cce32672-97b8-4aea-bb62-63836d44cfd5",
            "mac": null,
            "match": "port",
            "name": "DNS",
            "op": "in",
            "site_id": "d7c8364e-f2f4-48ca-907e-37eff0475b03",
            "specs": null,
            "type": "match",
            "values": [
              "53"
            ],
            "vlan_id": null
          },
          "sensitive_attributes": [],
          "dependencies": [
            "mist_org.terraform_test",
            "mist_site.terraform_site"
          ]
        }
      ]
    },
    {
      "mode": "managed",
      "type": "mist_site_wxtag",
      "name": "test_6",
      "provider": "provider[\"registry.terraform.io/juniper/mist\"]",
      "instances": [
        {
          "schema_version": 0,
          "attributes": {
            "id": "bdd36378-fd1f-4a9e-99b8-f274b20e4ad1",
            "mac": null,
            "match": "radius_group",
            "name": "test1",
            "op": "in",
            "site_id": "d7c8364e-f2f4-48ca-907e-37eff0475b03",
            "specs": null,
            "type": "match",
            "values": [
              "test1"
            ],
            "vlan_id": null
          },
          "sensitive_attributes": [],
          "dependencies": [
            "mist_org.terraform_test",
            "mist_site.terraform_site"
          ]
        }
      ]
    }
  ],
  "check_results": null
}
