{
  "version": 4,
  "terraform_version": "1.9.5",
  "serial": 4034,
  "lineage": "20532229-881e-4371-f1fd-11d081e97e25",
  "outputs": {},
  "resources": [
    {
      "mode": "managed",
      "type": "mist_device_gateway_cluster",
      "name": "cluster_one",
      "provider": "provider[\"registry.terraform.io/juniper/mist\"]",
      "instances": [
        {
          "schema_version": 0,
          "attributes": {
            "id": "00000000-0000-0000-1000-4c9614fc1300",
            "nodes": [
              {
                "mac": "4c9614fc1300"
              },
              {
                "mac": "4c961496f700"
              }
            ],
            "site_id": "19e06ed0-9ee9-4ac7-9d5c-dd1ed551a95c"
          },
          "sensitive_attributes": [],
          "dependencies": [
            "mist_org.terraform_test",
            "mist_org_inventory.inventory",
            "mist_org_sitegroup.test_group",
            "mist_org_sitegroup.test_group2",
            "mist_site.terraform_site"
          ]
        }
      ]
    },
    {
      "mode": "managed",
      "type": "mist_org",
      "name": "terraform_test",
      "provider": "provider[\"registry.terraform.io/juniper/mist\"]",
      "instances": [
        {
          "schema_version": 0,
          "attributes": {
            "alarmtemplate_id": null,
            "allow_mist": true,
            "id": "992bf4b9-c900-4850-9992-107b2f9df928",
            "msp_id": null,
            "msp_logo_url": null,
            "msp_name": null,
            "name": "Terraform Testing",
            "orggroup_ids": [],
            "session_expiry": 1440
          },
          "sensitive_attributes": []
        }
      ]
    },
    {
      "mode": "managed",
      "type": "mist_org_deviceprofile_gateway",
      "name": "hubp_one",
      "provider": "provider[\"registry.terraform.io/juniper/mist\"]",
      "instances": [
        {
          "schema_version": 0,
          "attributes": {
            "additional_config_cmds": null,
            "bgp_config": null,
            "created_time": null,
            "dhcpd_config": {
              "config": null,
              "enabled": false
            },
            "dns_override": false,
            "dns_servers": null,
            "dns_suffix": null,
            "extra_routes": null,
            "extra_routes6": null,
            "id": "d53575f0-253e-42cd-9674-5c0523fff3ca",
            "idp_profiles": null,
            "ip_configs": {
              "PRD-Core": {
                "ip": "10.3.100.9",
                "netmask": "/24",
                "secondary_ips": [],
                "type": "static"
              },
              "PRD-Lab": {
                "ip": "10.3.171.1",
                "netmask": "/24",
                "secondary_ips": [],
                "type": "static"
              },
              "PRD-Mgmt": {
                "ip": "10.3.172.1",
                "netmask": "/24",
                "secondary_ips": [],
                "type": "static"
              }
            },
            "modified_time": null,
            "name": "hubp_one2",
            "networks": null,
            "ntp_override": false,
            "ntp_servers": null,
            "oob_ip_config": null,
            "org_id": "992bf4b9-c900-4850-9992-107b2f9df928",
            "path_preferences": {
              "HUB": {
                "paths": [
                  {
                    "cost": null,
                    "disabled": null,
                    "gateway_ip": null,
                    "internet_access": null,
                    "name": "SSR_HUB_DC-MPLS.OrgOverlay",
                    "networks": [],
                    "target_ips": [],
                    "type": "vpn",
                    "wan_name": null
                  }
                ],
                "strategy": "ordered"
              },
              "HUB-ECMP": {
                "paths": [
                  {
                    "cost": 30,
                    "disabled": null,
                    "gateway_ip": null,
                    "internet_access": null,
                    "name": "SSR_HUB_DC-MPLS.OrgOverlay",
                    "networks": [],
                    "target_ips": [],
                    "type": "vpn",
                    "wan_name": "LTE"
                  },
                  {
                    "cost": 30,
                    "disabled": null,
                    "gateway_ip": null,
                    "internet_access": null,
                    "name": "SSR_HUB_DC-MPLS.OrgOverlay",
                    "networks": [],
                    "target_ips": [],
                    "type": "vpn",
                    "wan_name": "FTTH"
                  }
                ],
                "strategy": "weighted"
              },
              "HUB-ORDERED": {
                "paths": [
                  {
                    "cost": null,
                    "disabled": null,
                    "gateway_ip": null,
                    "internet_access": null,
                    "name": "SSR_HUB_DC-MPLS.OrgOverlay",
                    "networks": [],
                    "target_ips": [],
                    "type": "vpn",
                    "wan_name": "FTTH"
                  },
                  {
                    "cost": null,
                    "disabled": null,
                    "gateway_ip": null,
                    "internet_access": null,
                    "name": "SSR_HUB_DC-MPLS.OrgOverlay",
                    "networks": [],
                    "target_ips": [],
                    "type": "vpn",
                    "wan_name": "LTE"
                  }
                ],
                "strategy": "ordered"
              }
            },
            "port_config": {
              "ge-0/0/3": {
                "description": null,
                "disable_autoneg": false,
                "disabled": false,
                "dsl_type": "vdsl",
                "dsl_vci": 35,
                "dsl_vpi": 0,
                "duplex": "auto",
                "ip_config": {
                  "dns": null,
                  "dns_suffix": null,
                  "gateway": "192.168.1.1",
                  "ip": "192.168.1.8",
                  "netmask": "/24",
                  "network": null,
                  "poser_password": null,
                  "pppoe_auth": "none",
                  "pppoe_username": null,
                  "type": "static"
                },
                "lte_apn": null,
                "lte_auth": "none",
                "lte_backup": null,
                "lte_password": null,
                "lte_username": null,
                "mtu": null,
                "name": "FTTH",
                "networks": [],
                "outer_vlan_id": null,
                "poe_disabled": false,
                "port_network": null,
                "preserve_dscp": true,
                "redundant": false,
                "reth_idx": null,
                "reth_node": null,
                "reth_nodes": [],
                "speed": "auto",
                "ssr_no_virtual_mac": false,
                "svr_port_range": "none",
                "traffic_shaping": null,
                "usage": "wan",
                "vlan_id": null,
                "vpn_paths": {
                  "SSR_HUB_DC-MPLS.OrgOverlay": {
                    "bfd_profile": "broadband",
                    "bfd_use_tunnel_mode": false,
                    "preference": null,
                    "role": "spoke",
                    "traffic_shaping": null
                  }
                },
                "wan_arp_policer": "recommended",
                "wan_ext_ip": null,
                "wan_source_nat": {
                  "disabled": false,
                  "nat_pool": null
                },
                "wan_type": "broadband"
              },
              "ge-0/0/4": {
                "description": null,
                "disable_autoneg": false,
                "disabled": false,
                "dsl_type": "vdsl",
                "dsl_vci": 35,
                "dsl_vpi": 0,
                "duplex": "auto",
                "ip_config": {
                  "dns": null,
                  "dns_suffix": null,
                  "gateway": null,
                  "ip": null,
                  "netmask": null,
                  "network": null,
                  "poser_password": null,
                  "pppoe_auth": "none",
                  "pppoe_username": null,
                  "type": "dhcp"
                },
                "lte_apn": null,
                "lte_auth": "none",
                "lte_backup": null,
                "lte_password": null,
                "lte_username": null,
                "mtu": null,
                "name": "LTE",
                "networks": [],
                "outer_vlan_id": null,
                "poe_disabled": false,
                "port_network": null,
                "preserve_dscp": true,
                "redundant": false,
                "reth_idx": null,
                "reth_node": null,
                "reth_nodes": [],
                "speed": "auto",
                "ssr_no_virtual_mac": false,
                "svr_port_range": "none",
                "traffic_shaping": null,
                "usage": "wan",
                "vlan_id": null,
                "vpn_paths": {
                  "SSR_HUB_DC-MPLS.OrgOverlay": {
                    "bfd_profile": "broadband",
                    "bfd_use_tunnel_mode": false,
                    "preference": null,
                    "role": "spoke",
                    "traffic_shaping": null
                  }
                },
                "wan_arp_policer": "recommended",
                "wan_ext_ip": null,
                "wan_source_nat": {
                  "disabled": false,
                  "nat_pool": null
                },
                "wan_type": "broadband"
              },
              "ge-0/0/5": {
                "description": null,
                "disable_autoneg": false,
                "disabled": false,
                "dsl_type": "vdsl",
                "dsl_vci": 35,
                "dsl_vpi": 0,
                "duplex": "auto",
                "ip_config": null,
                "lte_apn": null,
                "lte_auth": "none",
                "lte_backup": null,
                "lte_password": null,
                "lte_username": null,
                "mtu": null,
                "name": null,
                "networks": [
                  "PRD-Core"
                ],
                "outer_vlan_id": null,
                "poe_disabled": false,
                "port_network": null,
                "preserve_dscp": true,
                "redundant": false,
                "reth_idx": null,
                "reth_node": null,
                "reth_nodes": [],
                "speed": "auto",
                "ssr_no_virtual_mac": false,
                "svr_port_range": "none",
                "traffic_shaping": null,
                "usage": "lan",
                "vlan_id": null,
                "vpn_paths": null,
                "wan_arp_policer": "recommended",
                "wan_ext_ip": null,
                "wan_source_nat": null,
                "wan_type": "broadband"
              },
              "ge-0/0/6": {
                "description": null,
                "disable_autoneg": false,
                "disabled": false,
                "dsl_type": "vdsl",
                "dsl_vci": 35,
                "dsl_vpi": 0,
                "duplex": "auto",
                "ip_config": null,
                "lte_apn": null,
                "lte_auth": "none",
                "lte_backup": null,
                "lte_password": null,
                "lte_username": null,
                "mtu": null,
                "name": null,
                "networks": [
                  "PRD-Lab"
                ],
                "outer_vlan_id": null,
                "poe_disabled": false,
                "port_network": null,
                "preserve_dscp": true,
                "redundant": false,
                "reth_idx": null,
                "reth_node": null,
                "reth_nodes": [],
                "speed": "auto",
                "ssr_no_virtual_mac": false,
                "svr_port_range": "none",
                "traffic_shaping": null,
                "usage": "lan",
                "vlan_id": null,
                "vpn_paths": null,
                "wan_arp_policer": "recommended",
                "wan_ext_ip": null,
                "wan_source_nat": null,
                "wan_type": "broadband"
              },
              "ge-0/0/7": {
                "description": null,
                "disable_autoneg": false,
                "disabled": false,
                "dsl_type": "vdsl",
                "dsl_vci": 35,
                "dsl_vpi": 0,
                "duplex": "auto",
                "ip_config": null,
                "lte_apn": null,
                "lte_auth": "none",
                "lte_backup": null,
                "lte_password": null,
                "lte_username": null,
                "mtu": null,
                "name": null,
                "networks": [
                  "PRD-Mgmt"
                ],
                "outer_vlan_id": null,
                "poe_disabled": false,
                "port_network": null,
                "preserve_dscp": true,
                "redundant": false,
                "reth_idx": null,
                "reth_node": null,
                "reth_nodes": [],
                "speed": "auto",
                "ssr_no_virtual_mac": false,
                "svr_port_range": "none",
                "traffic_shaping": null,
                "usage": "lan",
                "vlan_id": null,
                "vpn_paths": null,
                "wan_arp_policer": "recommended",
                "wan_ext_ip": null,
                "wan_source_nat": null,
                "wan_type": "broadband"
              }
            },
            "router_id": null,
            "routing_policies": null,
            "service_policies": [
              {
                "action": "allow",
                "appqoe": null,
                "ewf": null,
                "idp": {
                  "alert_only": false,
                  "enabled": true,
                  "idpprofile_id": null,
                  "profile": "critical"
                },
                "local_routing": false,
                "name": "Policy-14",
                "path_preference": "HUB",
                "servicepolicy_id": null,
                "services": [
                  "any"
                ],
                "tenants": [
                  "PRD-Core"
                ]
              },
              {
                "action": "allow",
                "appqoe": null,
                "ewf": null,
                "idp": {
                  "alert_only": true,
                  "enabled": true,
                  "idpprofile_id": null,
                  "profile": "standard"
                },
                "local_routing": false,
                "name": "Policy-2",
                "path_preference": "HUB-ECMP",
                "servicepolicy_id": null,
                "services": [
                  "any"
                ],
                "tenants": [
                  "PRD-Mgmt"
                ]
              },
              {
                "action": "allow",
                "appqoe": null,
                "ewf": null,
                "idp": {
                  "alert_only": null,
                  "enabled": false,
                  "idpprofile_id": null,
                  "profile": "strict"
                },
                "local_routing": false,
                "name": "Policy-3",
                "path_preference": "HUB-ORDERED",
                "servicepolicy_id": null,
                "services": [
                  "any"
                ],
                "tenants": [
                  "PRD-Lab"
                ]
              }
            ],
            "tunnel_configs": null,
            "tunnel_provider_options": null,
            "type": "gateway",
            "vrf_config": null,
            "vrf_instances": null
          },
          "sensitive_attributes": [
            [
              {
                "type": "get_attr",
                "value": "port_config"
              },
              {
                "type": "index",
                "value": {
                  "value": "ge-0/0/3",
                  "type": "string"
                }
              },
              {
                "type": "get_attr",
                "value": "lte_password"
              }
            ],
            [
              {
                "type": "get_attr",
                "value": "port_config"
              },
              {
                "type": "index",
                "value": {
                  "value": "ge-0/0/3",
                  "type": "string"
                }
              },
              {
                "type": "get_attr",
                "value": "ip_config"
              },
              {
                "type": "get_attr",
                "value": "poser_password"
              }
            ],
            [
              {
                "type": "get_attr",
                "value": "port_config"
              },
              {
                "type": "index",
                "value": {
                  "value": "ge-0/0/4",
                  "type": "string"
                }
              },
              {
                "type": "get_attr",
                "value": "ip_config"
              },
              {
                "type": "get_attr",
                "value": "poser_password"
              }
            ],
            [
              {
                "type": "get_attr",
                "value": "port_config"
              },
              {
                "type": "index",
                "value": {
                  "value": "ge-0/0/4",
                  "type": "string"
                }
              },
              {
                "type": "get_attr",
                "value": "lte_password"
              }
            ],
            [
              {
                "type": "get_attr",
                "value": "port_config"
              },
              {
                "type": "index",
                "value": {
                  "value": "ge-0/0/5",
                  "type": "string"
                }
              },
              {
                "type": "get_attr",
                "value": "lte_password"
              }
            ],
            [
              {
                "type": "get_attr",
                "value": "port_config"
              },
              {
                "type": "index",
                "value": {
                  "value": "ge-0/0/6",
                  "type": "string"
                }
              },
              {
                "type": "get_attr",
                "value": "lte_password"
              }
            ],
            [
              {
                "type": "get_attr",
                "value": "port_config"
              },
              {
                "type": "index",
                "value": {
                  "value": "ge-0/0/7",
                  "type": "string"
                }
              },
              {
                "type": "get_attr",
                "value": "lte_password"
              }
            ]
          ],
          "dependencies": [
            "mist_org.terraform_test"
          ]
        }
      ]
    },
    {
      "mode": "managed",
      "type": "mist_org_inventory",
      "name": "inventory",
      "provider": "provider[\"registry.terraform.io/juniper/mist\"]",
      "instances": [
        {
          "schema_version": 0,
          "attributes": {
            "devices": [
              {
                "claim_code": "CPKL2EXN8JY98AC",
                "hostname": null,
                "id": "00000000-0000-0000-1000-003e7316ff9e",
                "mac": "003e7316ff9e",
                "model": "AP24",
                "org_id": "992bf4b9-c900-4850-9992-107b2f9df928",
                "serial": "A192923060671",
                "site_id": null,
                "type": "ap",
                "vc_mac": null
              },
              {
                "claim_code": "G87JHBFXZJSFNMX",
                "hostname": null,
                "id": "00000000-0000-0000-1000-2c21311c37b0",
                "mac": "2c21311c37b0",
                "model": "EX2300-C-12P",
                "org_id": "992bf4b9-c900-4850-9992-107b2f9df928",
                "serial": "HV0216410081",
                "site_id": null,
                "type": "switch",
                "vc_mac": null
              },
              {
                "claim_code": "CV4YAS8DQWYLL6M",
                "hostname": null,
                "id": "00000000-0000-0000-1000-e8a24550e732",
                "mac": "e8a24550e732",
                "model": "SRX320",
                "org_id": "992bf4b9-c900-4850-9992-107b2f9df928",
                "serial": "CW2720AF0433",
                "site_id": "19e06ed0-9ee9-4ac7-9d5c-dd1ed551a95c",
                "type": "gateway",
                "vc_mac": null
              },
              {
                "claim_code": "",
                "hostname": null,
                "id": "00000000-0000-0000-1000-4c9614fc1300",
                "mac": "4c9614fc1300",
                "model": "VSRX3",
                "org_id": "992bf4b9-c900-4850-9992-107b2f9df928",
                "serial": "23D32B733E1D",
                "site_id": "19e06ed0-9ee9-4ac7-9d5c-dd1ed551a95c",
                "type": "gateway",
                "vc_mac": "4c9614fc1300"
              },
              {
                "claim_code": "",
                "hostname": null,
                "id": "00000000-0000-0000-1000-4c961496f700",
                "mac": "4c961496f700",
                "model": "VSRX3",
                "org_id": "992bf4b9-c900-4850-9992-107b2f9df928",
                "serial": "1440DC8FDEDF",
                "site_id": "19e06ed0-9ee9-4ac7-9d5c-dd1ed551a95c",
                "type": "gateway",
                "vc_mac": "4c9614fc1300"
              }
            ],
            "org_id": "992bf4b9-c900-4850-9992-107b2f9df928"
          },
          "sensitive_attributes": [],
          "dependencies": [
            "mist_org.terraform_test",
            "mist_org_sitegroup.test_group",
            "mist_org_sitegroup.test_group2",
            "mist_site.terraform_site"
          ]
        }
      ]
    },
    {
      "mode": "managed",
      "type": "mist_org_networktemplate",
      "name": "switch_template",
      "provider": "provider[\"registry.terraform.io/juniper/mist\"]",
      "instances": [
        {
          "schema_version": 0,
          "attributes": {
            "acl_policies": null,
            "acl_tags": null,
            "additional_config_cmds": [
              "set system hostnam test",
              "set system services ssh root-login allow"
            ],
            "dhcp_snooping": null,
            "dns_servers": [
              "10.3.51.222"
            ],
            "dns_suffix": [
              "stag.one"
            ],
            "extra_routes": {
              "1.2.0.0/24": {
                "discard": false,
                "metric": null,
                "next_qualified": null,
                "no_resolve": false,
                "preference": null,
                "via": "1.2.3.4"
              }
            },
            "extra_routes6": null,
            "id": "5eb76ad5-ff05-42e1-acf4-3bcf88df4bf9",
            "mist_nac": null,
            "name": "test_switch",
            "networks": {
              "test": {
                "isolation": false,
                "isolation_vlan_id": null,
                "subnet": "1.2.3.0/24",
                "vlan_id": "10"
              },
              "test2": {
                "isolation": false,
                "isolation_vlan_id": null,
                "subnet": "1.2.3.0/24",
                "vlan_id": "11"
              }
            },
            "ntp_servers": [
              "10.3.51.222"
            ],
            "org_id": "992bf4b9-c900-4850-9992-107b2f9df928",
            "port_mirroring": null,
            "port_usages": {
              "disabled_port": {
                "all_networks": false,
                "allow_dhcpd": null,
                "allow_multiple_supplicants": false,
                "bypass_auth_when_server_down": false,
                "bypass_auth_when_server_down_for_unkonwn_client": false,
                "description": null,
                "disable_autoneg": false,
                "disabled": false,
                "duplex": "auto",
                "dynamic_vlan_networks": [],
                "enable_mac_auth": false,
                "enable_qos": false,
                "guest_network": null,
                "inter_switch_link": false,
                "mac_auth_only": null,
                "mac_auth_protocol": "eap-md5",
                "mac_limit": 0,
                "mode": "access",
                "mtu": null,
                "networks": [],
                "persist_mac": false,
                "poe_disabled": false,
                "port_auth": null,
                "port_network": "default",
                "reauth_interval": 3600,
                "rejected_network": null,
                "reset_default_when": "link_down",
                "rules": null,
                "speed": null,
                "storm_control": null,
                "stp_edge": false,
                "stp_no_root_port": false,
                "stp_p2p": false,
                "voip_network": null
              }
            },
            "radius_config": {
              "acct_interim_interval": 60,
              "acct_servers": [
                {
                  "host": "1.2.3.4",
                  "keywrap_enabled": null,
                  "keywrap_format": null,
                  "keywrap_kek": null,
                  "keywrap_mack": null,
                  "port": 1813,
                  "secret": "secret"
                }
              ],
              "auth_servers": [
                {
                  "host": "1.2.3.4",
                  "keywrap_enabled": null,
                  "keywrap_format": null,
                  "keywrap_kek": null,
                  "keywrap_mack": null,
                  "port": 1812,
                  "secret": "secret"
                }
              ],
              "auth_servers_retries": 3,
              "auth_servers_timeout": 5,
              "coa_enabled": true,
              "coa_port": 3799,
              "network": "test",
              "source_ip": null
            },
            "remote_syslog": {
              "archive": {
                "files": 2,
                "size": "5m"
              },
              "console": {
                "contents": [
                  {
                    "facility": "kernel",
                    "severity": "alert"
                  }
                ]
              },
              "enabled": true,
              "files": null,
              "network": "test",
              "send_to_all_servers": false,
              "servers": [
                {
                  "contents": [
                    {
                      "facility": "any",
                      "severity": "any"
                    }
                  ],
                  "explicit_priority": null,
                  "facility": "any",
                  "host": "1.2.3.4",
                  "match": null,
                  "port": 514,
                  "protocol": "udp",
                  "routing_instance": null,
                  "severity": "any",
                  "source_address": null,
                  "structured_data": null,
                  "tag": null
                }
              ],
              "time_format": null,
              "users": null
            },
            "snmp_config": null,
            "switch_matching": {
              "enable": true,
              "rules": [
                {
                  "additional_config_cmds": [
                    "set system name-server 8.8.8.8"
                  ],
                  "match_role": "access",
                  "match_type": "match_name[0:3]",
                  "match_value": "abc",
                  "name": "access",
                  "port_config": {
                    "ge-0/0/0-10": {
                      "ae_disable_lacp": null,
                      "ae_idx": null,
                      "ae_lacp_slow": true,
                      "aggregated": false,
                      "critical": null,
                      "description": null,
                      "disable_autoneg": false,
                      "duplex": "auto",
                      "dynamic_usage": null,
                      "esilag": null,
                      "mtu": 1514,
                      "no_local_overwrite": null,
                      "poe_disabled": false,
                      "speed": "auto",
                      "usage": "trunk"
                    }
                  },
                  "port_mirroring": null
                },
                {
                  "additional_config_cmds": [
                    "set system name-server 8.8.8.8"
                  ],
                  "match_role": "core",
                  "match_type": null,
                  "match_value": null,
                  "name": "core",
                  "port_config": {
                    "ge-0/0/0-10": {
                      "ae_disable_lacp": null,
                      "ae_idx": null,
                      "ae_lacp_slow": true,
                      "aggregated": false,
                      "critical": null,
                      "description": null,
                      "disable_autoneg": false,
                      "duplex": "auto",
                      "dynamic_usage": null,
                      "esilag": null,
                      "mtu": 1514,
                      "no_local_overwrite": null,
                      "poe_disabled": false,
                      "speed": "auto",
                      "usage": "trunk"
                    }
                  },
                  "port_mirroring": null
                }
              ]
            },
            "switch_mgmt": {
              "ap_affinity_threshold": 10,
              "cli_banner": null,
              "cli_idle_timeout": null,
              "config_revert_timer": 10,
              "dhcp_option_fqdn": false,
              "local_accounts": null,
              "mxedge_proxy_host": null,
              "mxedge_proxy_port": 2222,
              "protect_re": {
                "allowed_services": [],
                "custom": null,
                "enabled": true,
                "trusted_hosts": []
              },
              "root_password": "Juniper123!",
              "tacacs": null,
              "use_mxedge_proxy": null
            },
            "vrf_config": null,
            "vrf_instances": null
          },
          "sensitive_attributes": [
            [
              {
                "type": "get_attr",
                "value": "radius_config"
              },
              {
                "type": "get_attr",
                "value": "acct_servers"
              },
              {
                "type": "index",
                "value": {
                  "value": 0,
                  "type": "number"
                }
              },
              {
                "type": "get_attr",
                "value": "secret"
              }
            ],
            [
              {
                "type": "get_attr",
                "value": "radius_config"
              },
              {
                "type": "get_attr",
                "value": "auth_servers"
              },
              {
                "type": "index",
                "value": {
                  "value": 0,
                  "type": "number"
                }
              },
              {
                "type": "get_attr",
                "value": "secret"
              }
            ],
            [
              {
                "type": "get_attr",
                "value": "switch_mgmt"
              },
              {
                "type": "get_attr",
                "value": "root_password"
              }
            ]
          ],
          "dependencies": [
            "mist_org.terraform_test"
          ]
        }
      ]
    },
    {
      "mode": "managed",
      "type": "mist_org_psk",
      "name": "psk_three",
      "provider": "provider[\"registry.terraform.io/juniper/mist\"]",
      "instances": [
        {
          "schema_version": 0,
          "attributes": {
            "email": null,
            "expire_time": 0,
            "expiry_notification_time": null,
            "id": "b0467620-8a31-4f77-b9c4-a184347db71f",
            "mac": null,
            "macs": [
              "deadbeefdeaf"
            ],
            "max_usage": 0,
            "name": "psk_three",
            "note": null,
            "notify_expiry": false,
            "notify_on_create_or_edit": null,
            "old_passphrase": null,
            "org_id": "992bf4b9-c900-4850-9992-107b2f9df928",
            "passphrase": "juniper123",
            "role": null,
            "ssid": "test",
            "usage": "macs",
            "vlan_id": null
          },
          "sensitive_attributes": [
            [
              {
                "type": "get_attr",
                "value": "old_passphrase"
              }
            ],
            [
              {
                "type": "get_attr",
                "value": "passphrase"
              }
            ]
          ],
          "dependencies": [
            "mist_org.terraform_test"
          ]
        }
      ]
    },
    {
      "mode": "managed",
      "type": "mist_org_rftemplate",
      "name": "example",
      "provider": "provider[\"registry.terraform.io/juniper/mist\"]",
      "instances": [
        {
          "schema_version": 0,
          "attributes": {
            "ant_gain_24": 0,
            "ant_gain_5": 0,
            "ant_gain_6": 0,
            "band_24": null,
            "band_24_usage": null,
            "band_5": null,
            "band_5_on_24_radio": null,
            "band_6": null,
            "country_code": "US",
            "id": "cccb4e3f-3ff1-4af5-a6bd-491f0e513709",
            "model_specific": null,
            "name": "Integration_Template_Test",
            "org_id": "992bf4b9-c900-4850-9992-107b2f9df928",
            "scanning_enabled": null
          },
          "sensitive_attributes": [],
          "dependencies": [
            "mist_org.terraform_test"
          ]
        }
      ]
    },
    {
      "mode": "managed",
      "type": "mist_org_rftemplate",
      "name": "rft1",
      "provider": "provider[\"registry.terraform.io/juniper/mist\"]",
      "instances": [
        {
          "schema_version": 0,
          "attributes": {
            "ant_gain_24": 0,
            "ant_gain_5": 0,
            "ant_gain_6": 0,
            "band_24": {
              "allow_rrm_disable": false,
              "ant_gain": 1,
              "antenna_mode": "default",
              "bandwidth": 20,
              "channels": [],
              "disabled": false,
              "power": 8,
              "power_max": 18,
              "power_min": 8,
              "preamble": "short"
            },
            "band_24_usage": "24",
            "band_5": null,
            "band_5_on_24_radio": null,
            "band_6": null,
            "country_code": "US",
            "id": "158001fa-65a7-4b2c-9fca-ed1643409613",
            "model_specific": null,
            "name": "rft_test",
            "org_id": "992bf4b9-c900-4850-9992-107b2f9df928",
            "scanning_enabled": null
          },
          "sensitive_attributes": [],
          "dependencies": [
            "mist_org.terraform_test"
          ]
        }
      ]
    },
    {
      "mode": "managed",
      "type": "mist_org_rftemplate",
      "name": "test_rf",
      "provider": "provider[\"registry.terraform.io/juniper/mist\"]",
      "instances": [
        {
          "schema_version": 0,
          "attributes": {
            "ant_gain_24": 1,
            "ant_gain_5": 2,
            "ant_gain_6": 2,
            "band_24": {
              "allow_rrm_disable": true,
              "ant_gain": 1,
              "antenna_mode": "default",
              "bandwidth": 20,
              "channels": [],
              "disabled": false,
              "power": 0,
              "power_max": 18,
              "power_min": 18,
              "preamble": "short"
            },
            "band_24_usage": "auto",
            "band_5": {
              "allow_rrm_disable": false,
              "ant_gain": 2,
              "antenna_mode": "default",
              "bandwidth": 20,
              "channels": [
                60,
                104,
                132
              ],
              "disabled": false,
              "power": 8,
              "power_max": 17,
              "power_min": 8,
              "preamble": "short"
            },
            "band_5_on_24_radio": null,
            "band_6": {
              "allow_rrm_disable": false,
              "ant_gain": 2,
              "antenna_mode": "default",
              "bandwidth": 80,
              "channels": [],
              "disabled": false,
              "power": 8,
              "power_max": 18,
              "power_min": 8,
              "preamble": "short",
              "standard_power": false
            },
            "country_code": "FR",
            "id": "6428196e-8d6e-4f7a-826b-b2df5729d274",
            "model_specific": null,
            "name": "tf",
            "org_id": "992bf4b9-c900-4850-9992-107b2f9df928",
            "scanning_enabled": null
          },
          "sensitive_attributes": [],
          "dependencies": [
            "mist_org.terraform_test"
          ]
        }
      ]
    },
    {
      "mode": "managed",
      "type": "mist_org_sitegroup",
      "name": "test_group",
      "provider": "provider[\"registry.terraform.io/juniper/mist\"]",
      "instances": [
        {
          "schema_version": 0,
          "attributes": {
            "id": "91dc3688-addb-4875-85cc-3a065abd21b2",
            "name": "test group",
            "org_id": "992bf4b9-c900-4850-9992-107b2f9df928"
          },
          "sensitive_attributes": [],
          "dependencies": [
            "mist_org.terraform_test"
          ]
        }
      ]
    },
    {
      "mode": "managed",
      "type": "mist_org_sitegroup",
      "name": "test_group2",
      "provider": "provider[\"registry.terraform.io/juniper/mist\"]",
      "instances": [
        {
          "schema_version": 0,
          "attributes": {
            "id": "9a4e1d2a-9043-448e-af3e-464dd9ced21d",
            "name": "test group2b",
            "org_id": "992bf4b9-c900-4850-9992-107b2f9df928"
          },
          "sensitive_attributes": [],
          "dependencies": [
            "mist_org.terraform_test"
          ]
        }
      ]
    },
    {
      "mode": "managed",
      "type": "mist_org_webhook",
      "name": "webhook_one",
      "provider": "provider[\"registry.terraform.io/juniper/mist\"]",
      "instances": [
        {
          "schema_version": 0,
          "attributes": {
            "enabled": false,
            "headers": null,
            "id": "67dc195b-0163-4d63-90b6-14fbce2c3c67",
            "name": "test",
            "oauth2_client_id": null,
            "oauth2_client_secret": null,
            "oauth2_grant_type": null,
            "oauth2_password": null,
            "oauth2_scopes": null,
            "oauth2_token_url": null,
            "oauth2_username": null,
            "org_id": "992bf4b9-c900-4850-9992-107b2f9df928",
            "secret": null,
            "splunk_token": null,
            "topics": [
              "audits"
            ],
            "type": "http-post",
            "url": "https://test.com",
            "verify_cert": true
          },
          "sensitive_attributes": [
            [
              {
                "type": "get_attr",
                "value": "secret"
              }
            ],
            [
              {
                "type": "get_attr",
                "value": "oauth2_password"
              }
            ],
            [
              {
                "type": "get_attr",
                "value": "oauth2_client_secret"
              }
            ],
            [
              {
                "type": "get_attr",
                "value": "splunk_token"
              }
            ]
          ],
          "dependencies": [
            "mist_org.terraform_test"
          ]
        }
      ]
    },
    {
      "mode": "managed",
      "type": "mist_org_wlan",
      "name": "test_open",
      "provider": "provider[\"registry.terraform.io/juniper/mist\"]",
      "instances": [
        {
          "schema_version": 0,
          "attributes": {
            "acct_immediate_update": false,
            "acct_interim_interval": 600,
            "acct_servers": [
              {
                "host": "REDACTED",
                "keywrap_enabled": false,
                "keywrap_format": "",
                "keywrap_kek": null,
                "keywrap_mack": null,
                "port": 1112,
                "secret": "REDACTED"
              }
            ],
            "airwatch": null,
            "allow_ipv6_ndp": true,
            "allow_mdns": false,
            "allow_ssdp": false,
            "ap_ids": [],
            "app_limit": null,
            "app_qos": null,
            "apply_to": "site",
            "arp_filter": false,
            "auth": {
              "anticlog_threshold": 16,
              "eap_reauth": false,
              "enable_mac_auth": false,
              "key_idx": 1,
              "keys": [],
              "multi_psk_only": false,
              "owe": "disabled",
              "pairwise": [],
              "private_wlan": false,
              "psk": "",
              "type": "open",
              "wep_as_secondary_auth": false
            },
            "auth_server_selection": "ordered",
            "auth_servers": [
              {
                "host": "REDACTED",
                "keywrap_enabled": false,
                "keywrap_format": "",
                "keywrap_kek": null,
                "keywrap_mack": null,
                "port": 1111,
                "secret": "REDACTED"
              }
            ],
            "auth_servers_nas_id": null,
            "auth_servers_nas_ip": null,
            "auth_servers_retries": 2,
            "auth_servers_timeout": 5,
            "band_steer": false,
            "band_steer_force_band5": false,
            "bands": [
              "5",
              "6"
            ],
            "block_blacklist_clients": false,
            "bonjour": null,
            "cisco_cwa": null,
            "client_limit_down": null,
            "client_limit_down_enabled": false,
            "client_limit_up": null,
            "client_limit_up_enabled": false,
            "coa_servers": null,
            "disable_11ax": false,
            "disable_ht_vht_rates": false,
            "disable_uapsd": false,
            "disable_v1_roam_notify": false,
            "disable_v2_roam_notify": false,
            "disable_wmm": false,
            "dns_server_rewrite": null,
            "dtim": 2,
            "dynamic_psk": null,
            "dynamic_vlan": null,
            "enable_local_keycaching": false,
            "enable_wireless_bridging": false,
            "enable_wireless_bridging_dhcp_tracking": false,
            "enabled": true,
            "fast_dot1x_timers": false,
            "hide_ssid": false,
            "hostname_ie": false,
            "hotspot20": null,
            "id": "f49406bb-8a8a-47d7-8ac5-29fe4701bfef",
            "inject_dhcp_option_82": null,
            "interface": "all",
            "isolation": false,
            "l2_isolation": false,
            "legacy_overds": false,
            "limit_bcast": false,
            "limit_probe_response": false,
            "max_idletime": 1800,
            "mist_nac": null,
            "msp_id": "",
            "mxtunnel_ids": [],
            "mxtunnel_name": [],
            "no_static_dns": false,
            "no_static_ip": false,
            "org_id": "992bf4b9-c900-4850-9992-107b2f9df928",
            "portal": null,
            "portal_allowed_hostnames": [],
            "portal_allowed_subnets": [],
            "portal_api_secret": null,
            "portal_denied_hostnames": [],
            "portal_image": null,
            "portal_sso_url": null,
            "portal_template_url": null,
            "qos": null,
            "radsec": null,
            "roam_mode": "none",
            "schedule": null,
            "sle_excluded": false,
            "ssid": "test",
            "template_id": "511a9dde-e0d8-4999-a778-07cb5003ff05",
            "thumbnail": null,
            "use_eapol_v1": false,
            "vlan_enabled": true,
            "vlan_id": "160",
            "vlan_ids": [],
            "vlan_pooling": false,
            "wlan_limit_down": 0,
            "wlan_limit_down_enabled": false,
            "wlan_limit_up": 0,
            "wlan_limit_up_enabled": false,
            "wxtag_ids": [],
            "wxtunnel_id": "",
            "wxtunnel_remote_id": ""
          },
          "sensitive_attributes": [
            [
              {
                "type": "get_attr",
                "value": "acct_servers"
              },
              {
                "type": "index",
                "value": {
                  "value": 0,
                  "type": "number"
                }
              },
              {
                "type": "get_attr",
                "value": "secret"
              }
            ],
            [
              {
                "type": "get_attr",
                "value": "auth"
              },
              {
                "type": "get_attr",
                "value": "psk"
              }
            ],
            [
              {
                "type": "get_attr",
                "value": "auth_servers"
              },
              {
                "type": "index",
                "value": {
                  "value": 0,
                  "type": "number"
                }
              },
              {
                "type": "get_attr",
                "value": "secret"
              }
            ]
          ],
          "dependencies": [
            "mist_org.terraform_test",
            "mist_org_wlantemplate.wlantemplate_one"
          ]
        }
      ]
    },
    {
      "mode": "managed",
      "type": "mist_org_wlantemplate",
      "name": "wlantemplate_one",
      "provider": "provider[\"registry.terraform.io/juniper/mist\"]",
      "instances": [
        {
          "schema_version": 0,
          "attributes": {
            "applies": {
              "org_id": null,
              "site_ids": [],
              "sitegroup_ids": []
            },
            "deviceprofile_ids": [],
            "exceptions": {
              "site_ids": [],
              "sitegroup_ids": []
            },
            "filter_by_deviceprofile": false,
            "id": "511a9dde-e0d8-4999-a778-07cb5003ff05",
            "name": "wlantemplate",
            "org_id": "992bf4b9-c900-4850-9992-107b2f9df928"
          },
          "sensitive_attributes": [],
          "dependencies": [
            "mist_org.terraform_test"
          ]
        }
      ]
    },
    {
      "mode": "managed",
      "type": "mist_site",
      "name": "terraform_site",
      "provider": "provider[\"registry.terraform.io/juniper/mist\"]",
      "instances": [
        {
          "schema_version": 0,
          "attributes": {
            "address": "77 Terrasse de l'Université, 92000 Nanterre, France",
            "alarmtemplate_id": null,
            "aptemplate_id": null,
            "country_code": "FR",
            "gatewaytemplate_id": null,
            "id": "19e06ed0-9ee9-4ac7-9d5c-dd1ed551a95c",
            "latlng": {
              "lat": 48.899268,
              "lng": 2.214447
            },
            "name": "terraform_site",
            "networktemplate_id": null,
            "notes": "Created with Terraform, Updated with Terraform",
            "org_id": "992bf4b9-c900-4850-9992-107b2f9df928",
            "rftemplate_id": null,
            "secpolicy_id": null,
            "sitegroup_ids": [
              "91dc3688-addb-4875-85cc-3a065abd21b2",
              "9a4e1d2a-9043-448e-af3e-464dd9ced21d"
            ],
            "sitetemplate_id": null,
            "timezone": "Europe/Paris"
          },
          "sensitive_attributes": [],
          "dependencies": [
            "mist_org.terraform_test",
            "mist_org_sitegroup.test_group",
            "mist_org_sitegroup.test_group2"
          ]
        }
      ]
    },
    {
      "mode": "managed",
      "type": "mist_site_networktemplate",
      "name": "site_switch_template",
      "provider": "provider[\"registry.terraform.io/juniper/mist\"]",
      "instances": [
        {
          "schema_version": 0,
          "attributes": {
            "acl_policies": null,
            "acl_tags": null,
            "additional_config_cmds": [
              "set system hostnam test",
              "set system services ssh root-login allow"
            ],
            "dhcp_snooping": null,
            "dns_servers": [
              "10.3.51.222"
            ],
            "dns_suffix": [
              "stag.one"
            ],
            "extra_routes": null,
            "extra_routes6": null,
            "mist_nac": null,
            "networks": {
              "test": {
                "isolation": false,
                "isolation_vlan_id": null,
                "subnet": "1.2.3.0/24",
                "vlan_id": "10"
              },
              "test2": {
                "isolation": false,
                "isolation_vlan_id": null,
                "subnet": "1.2.3.0/24",
                "vlan_id": "11"
              }
            },
            "ntp_servers": [
              "10.3.51.222"
            ],
            "port_mirroring": null,
            "port_usages": {
              "disabled_port": {
                "all_networks": false,
                "allow_dhcpd": null,
                "allow_multiple_supplicants": false,
                "bypass_auth_when_server_down": false,
                "bypass_auth_when_server_down_for_unkonwn_client": false,
                "description": null,
                "disable_autoneg": false,
                "disabled": true,
                "duplex": "auto",
                "dynamic_vlan_networks": [],
                "enable_mac_auth": false,
                "enable_qos": false,
                "guest_network": null,
                "inter_switch_link": false,
                "mac_auth_only": null,
                "mac_auth_protocol": "eap-md5",
                "mac_limit": 0,
                "mode": "access",
                "mtu": null,
                "networks": [],
                "persist_mac": false,
                "poe_disabled": false,
                "port_auth": null,
                "port_network": "default",
                "reauth_interval": 3600,
                "rejected_network": null,
                "reset_default_when": "link_down",
                "rules": null,
                "speed": null,
                "storm_control": null,
                "stp_edge": false,
                "stp_no_root_port": false,
                "stp_p2p": false,
                "voip_network": null
              },
              "trunk": {
                "all_networks": true,
                "allow_dhcpd": null,
                "allow_multiple_supplicants": false,
                "bypass_auth_when_server_down": false,
                "bypass_auth_when_server_down_for_unkonwn_client": false,
                "description": "profile for trunk ports",
                "disable_autoneg": false,
                "disabled": false,
                "duplex": "auto",
                "dynamic_vlan_networks": [],
                "enable_mac_auth": false,
                "enable_qos": true,
                "guest_network": null,
                "inter_switch_link": false,
                "mac_auth_only": null,
                "mac_auth_protocol": "eap-md5",
                "mac_limit": 0,
                "mode": "trunk",
                "mtu": null,
                "networks": [],
                "persist_mac": false,
                "poe_disabled": false,
                "port_auth": null,
                "port_network": "test2",
                "reauth_interval": 3600,
                "rejected_network": null,
                "reset_default_when": "link_down",
                "rules": null,
                "speed": null,
                "storm_control": {
                  "no_broadcast": false,
                  "no_multicast": false,
                  "no_registered_multicast": false,
                  "no_unknown_unicast": false,
                  "percentage": 15
                },
                "stp_edge": false,
                "stp_no_root_port": false,
                "stp_p2p": false,
                "voip_network": null
              }
            },
            "radius_config": {
              "acct_interim_interval": 60,
              "acct_servers": [
                {
                  "host": "1.2.3.4",
                  "keywrap_enabled": null,
                  "keywrap_format": null,
                  "keywrap_kek": null,
                  "keywrap_mack": null,
                  "port": 1813,
                  "secret": "secret"
                }
              ],
              "auth_servers": [
                {
                  "host": "1.2.3.4",
                  "keywrap_enabled": null,
                  "keywrap_format": null,
                  "keywrap_kek": null,
                  "keywrap_mack": null,
                  "port": 1812,
                  "secret": "secret"
                }
              ],
              "auth_servers_retries": 3,
              "auth_servers_timeout": 5,
              "coa_enabled": true,
              "coa_port": 3799,
              "network": "test",
              "source_ip": null
            },
            "remote_syslog": {
              "archive": {
                "files": 2,
                "size": "5m"
              },
              "console": {
                "contents": [
                  {
                    "facility": "kernel",
                    "severity": "alert"
                  }
                ]
              },
              "enabled": true,
              "files": null,
              "network": "test",
              "send_to_all_servers": false,
              "servers": [
                {
                  "contents": [
                    {
                      "facility": "any",
                      "severity": "any"
                    }
                  ],
                  "explicit_priority": null,
                  "facility": "any",
                  "host": "1.2.3.4",
                  "match": null,
                  "port": 514,
                  "protocol": "udp",
                  "routing_instance": null,
                  "severity": "any",
                  "source_address": null,
                  "structured_data": null,
                  "tag": null
                }
              ],
              "time_format": null,
              "users": null
            },
            "remove_existing_configs": false,
            "site_id": "19e06ed0-9ee9-4ac7-9d5c-dd1ed551a95c",
            "snmp_config": null,
            "switch_matching": {
              "enable": true,
              "rules": [
                {
                  "additional_config_cmds": [
                    "set system name-server 8.8.8.8"
                  ],
                  "match_role": "access",
                  "match_type": "match_name[0:3]",
                  "match_value": "abc",
                  "name": "access",
                  "port_config": {
                    "ge-0/0/0-10": {
                      "ae_disable_lacp": null,
                      "ae_idx": null,
                      "ae_lacp_slow": true,
                      "aggregated": false,
                      "critical": null,
                      "description": null,
                      "disable_autoneg": false,
                      "duplex": "auto",
                      "dynamic_usage": null,
                      "esilag": null,
                      "mtu": 1514,
                      "no_local_overwrite": null,
                      "poe_disabled": false,
                      "speed": "auto",
                      "usage": "trunk"
                    }
                  },
                  "port_mirroring": null
                },
                {
                  "additional_config_cmds": [
                    "set system name-server 8.8.8.8"
                  ],
                  "match_role": "core",
                  "match_type": null,
                  "match_value": null,
                  "name": "core",
                  "port_config": {
                    "ge-0/0/0-10": {
                      "ae_disable_lacp": null,
                      "ae_idx": null,
                      "ae_lacp_slow": true,
                      "aggregated": false,
                      "critical": null,
                      "description": null,
                      "disable_autoneg": false,
                      "duplex": "auto",
                      "dynamic_usage": null,
                      "esilag": null,
                      "mtu": 1514,
                      "no_local_overwrite": null,
                      "poe_disabled": false,
                      "speed": "auto",
                      "usage": "trunk"
                    }
                  },
                  "port_mirroring": null
                }
              ]
            },
            "switch_mgmt": {
              "ap_affinity_threshold": 10,
              "cli_banner": null,
              "cli_idle_timeout": null,
              "config_revert_timer": 10,
              "dhcp_option_fqdn": false,
              "local_accounts": null,
              "mxedge_proxy_host": null,
              "mxedge_proxy_port": 2222,
              "protect_re": {
                "allowed_services": [],
                "custom": null,
                "enabled": true,
                "trusted_hosts": []
              },
              "root_password": "Juniper123",
              "tacacs": null,
              "use_mxedge_proxy": null
            },
            "uplink_port_config": null,
            "vrf_config": {
              "enabled": true
            },
            "vrf_instances": {
              "fds": {
                "extra_routes": {
                  "1.2.0.0/24": {
                    "via": "1.2.3.4"
                  }
                },
                "networks": [
                  "prx"
                ]
              }
            }
          },
          "sensitive_attributes": [
            [
              {
                "type": "get_attr",
                "value": "switch_mgmt"
              },
              {
                "type": "get_attr",
                "value": "root_password"
              }
            ],
            [
              {
                "type": "get_attr",
                "value": "radius_config"
              },
              {
                "type": "get_attr",
                "value": "auth_servers"
              },
              {
                "type": "index",
                "value": {
                  "value": 0,
                  "type": "number"
                }
              },
              {
                "type": "get_attr",
                "value": "secret"
              }
            ],
            [
              {
                "type": "get_attr",
                "value": "radius_config"
              },
              {
                "type": "get_attr",
                "value": "acct_servers"
              },
              {
                "type": "index",
                "value": {
                  "value": 0,
                  "type": "number"
                }
              },
              {
                "type": "get_attr",
                "value": "secret"
              }
            ]
          ],
          "dependencies": [
            "mist_org.terraform_test",
            "mist_org_sitegroup.test_group",
            "mist_org_sitegroup.test_group2",
            "mist_site.terraform_site"
          ]
        }
      ]
    },
    {
      "mode": "managed",
      "type": "mist_site_psk",
      "name": "psk_two",
      "provider": "provider[\"registry.terraform.io/juniper/mist\"]",
      "instances": [
        {
          "schema_version": 0,
          "attributes": {
            "email": null,
            "expire_time": 0,
            "expiry_notification_time": null,
            "id": "5cb57a6f-3eea-486b-b534-e4179a7aa4dd",
            "mac": "deadbeefdeaf",
            "name": "psk_two",
            "note": null,
            "notify_expiry": false,
            "notify_on_create_or_edit": null,
            "old_passphrase": null,
            "org_id": "992bf4b9-c900-4850-9992-107b2f9df928",
            "passphrase": "juniper123",
            "role": null,
            "site_id": "19e06ed0-9ee9-4ac7-9d5c-dd1ed551a95c",
            "ssid": "test",
            "usage": "single",
            "vlan_id": null
          },
          "sensitive_attributes": [
            [
              {
                "type": "get_attr",
                "value": "passphrase"
              }
            ],
            [
              {
                "type": "get_attr",
                "value": "old_passphrase"
              }
            ]
          ],
          "dependencies": [
            "mist_org.terraform_test",
            "mist_org_sitegroup.test_group",
            "mist_org_sitegroup.test_group2",
            "mist_site.terraform_site"
          ]
        }
      ]
    },
    {
      "mode": "managed",
      "type": "mist_site_webhook",
      "name": "webhook_one",
      "provider": "provider[\"registry.terraform.io/juniper/mist\"]",
      "instances": [
        {
          "schema_version": 0,
          "attributes": {
            "enabled": false,
            "headers": null,
            "id": "9f318634-ebc4-40e8-aede-4256305fa163",
            "name": "test",
            "oauth2_client_id": null,
            "oauth2_client_secret": null,
            "oauth2_grant_type": null,
            "oauth2_password": null,
            "oauth2_scopes": null,
            "oauth2_token_url": null,
            "oauth2_username": null,
            "org_id": "992bf4b9-c900-4850-9992-107b2f9df928",
            "secret": null,
            "site_id": "19e06ed0-9ee9-4ac7-9d5c-dd1ed551a95c",
            "splunk_token": null,
            "topics": [
              "audits"
            ],
            "type": "http-post",
            "url": "https://test.com",
            "verify_cert": true
          },
          "sensitive_attributes": [
            [
              {
                "type": "get_attr",
                "value": "oauth2_client_secret"
              }
            ],
            [
              {
                "type": "get_attr",
                "value": "secret"
              }
            ],
            [
              {
                "type": "get_attr",
                "value": "splunk_token"
              }
            ],
            [
              {
                "type": "get_attr",
                "value": "oauth2_password"
              }
            ]
          ],
          "dependencies": [
            "mist_org.terraform_test",
            "mist_org_sitegroup.test_group",
            "mist_org_sitegroup.test_group2",
            "mist_site.terraform_site"
          ]
        }
      ]
    },
    {
      "mode": "managed",
      "type": "mist_site_wlan",
      "name": "test_open",
      "provider": "provider[\"registry.terraform.io/juniper/mist\"]",
      "instances": [
        {
          "schema_version": 0,
          "attributes": {
            "acct_immediate_update": false,
            "acct_interim_interval": 600,
            "acct_servers": [
              {
                "host": "REDACTED",
                "keywrap_enabled": false,
                "keywrap_format": "",
                "keywrap_kek": null,
                "keywrap_mack": null,
                "port": 1112,
                "secret": "REDACTED"
              }
            ],
            "airwatch": null,
            "allow_ipv6_ndp": true,
            "allow_mdns": false,
            "allow_ssdp": false,
            "ap_ids": [],
            "app_limit": null,
            "app_qos": null,
            "apply_to": "site",
            "arp_filter": false,
            "auth": {
              "anticlog_threshold": 16,
              "eap_reauth": false,
              "enable_mac_auth": false,
              "key_idx": 1,
              "keys": [],
              "multi_psk_only": false,
              "owe": "disabled",
              "pairwise": [],
              "private_wlan": false,
              "psk": "",
              "type": "open",
              "wep_as_secondary_auth": false
            },
            "auth_server_selection": "ordered",
            "auth_servers": [
              {
                "host": "REDACTED",
                "keywrap_enabled": false,
                "keywrap_format": "",
                "keywrap_kek": null,
                "keywrap_mack": null,
                "port": 1111,
                "secret": "REDACTED"
              }
            ],
            "auth_servers_nas_id": null,
            "auth_servers_nas_ip": null,
            "auth_servers_retries": 2,
            "auth_servers_timeout": 5,
            "band_steer": false,
            "band_steer_force_band5": false,
            "bands": [
              "5",
              "6"
            ],
            "block_blacklist_clients": false,
            "bonjour": null,
            "cisco_cwa": null,
            "client_limit_down": null,
            "client_limit_down_enabled": false,
            "client_limit_up": null,
            "client_limit_up_enabled": false,
            "coa_servers": null,
            "disable_11ax": false,
            "disable_ht_vht_rates": false,
            "disable_uapsd": false,
            "disable_v1_roam_notify": false,
            "disable_v2_roam_notify": false,
            "disable_wmm": false,
            "dns_server_rewrite": null,
            "dtim": 2,
            "dynamic_psk": null,
            "dynamic_vlan": null,
            "enable_local_keycaching": false,
            "enable_wireless_bridging": false,
            "enable_wireless_bridging_dhcp_tracking": false,
            "enabled": true,
            "fast_dot1x_timers": false,
            "hide_ssid": false,
            "hostname_ie": false,
            "hotspot20": null,
            "id": "ef9b90a3-f47b-4503-b500-3bbe832750d1",
            "inject_dhcp_option_82": null,
            "interface": "all",
            "isolation": false,
            "l2_isolation": false,
            "legacy_overds": false,
            "limit_bcast": false,
            "limit_probe_response": false,
            "max_idletime": 1800,
            "mist_nac": null,
            "msp_id": "",
            "mxtunnel_ids": [],
            "mxtunnel_name": [],
            "no_static_dns": false,
            "no_static_ip": false,
            "org_id": "992bf4b9-c900-4850-9992-107b2f9df928",
            "portal": null,
            "portal_allowed_hostnames": [],
            "portal_allowed_subnets": [],
            "portal_api_secret": "",
            "portal_denied_hostnames": [],
            "portal_image": null,
            "portal_sso_url": null,
            "portal_template_url": "https://s3.us-east-1.amazonaws.com/papi-production/portal_template/ef9b90a3-f47b-4503-b500-3bbe832750d1.json?X-Amz-Algorithm=AWS4-HMAC-SHA256\u0026X-Amz-Credential=ASIAZTT3NFULPAT5V67E%2F20240830%2Fus-east-1%2Fs3%2Faws4_request\u0026X-Amz-Date=20240830T145219Z\u0026X-Amz-Expires=3600\u0026X-Amz-SignedHeaders=host\u0026X-Amz-Security-Token=IQoJb3JpZ2luX2VjEEIaCXVzLXdlc3QtMSJHMEUCIQCjKiSl7Km3QB1VuIp4z4JATowVrUuTHj7QSxHLlZCzlwIgM4HodkMKoGOFMKydaeEUpsqxR8PiQzHwJRCCZl5Rgz8qtAUIWhAFGgw2NjA2MTAwMzQ5NjYiDLFcMxpr5e2SWI0ivCqRBSCmKaVLEA0HqYSzB4PWhOs4Wcn8%2BGryrkMHjMJ24Dgo6VZhsAumEZYLxSnbHbrPE5Ow4awsLPN1YuBBPw%2B%2BLZZT3HdH%2Bs2BnL2juxXfnMs75pP7zHKnSXhOBb1XSxnLRgGUiqNuPzd5uijdhVWCeqy2TkrFvUBdiX2f%2BucsC9T8I%2BH9%2BGJtl%2B%2Fr9Vn3xiFfDtFr%2FsDzZSHamU6wDRWa0FoJW0U7NpJWldtM%2B6BPnTdXDKy3bUNuQc6Ro8P8M8%2BhinOA0%2FvG%2FT1OIIiRxV%2Bnx%2BqQW4TBpPZyVYfWSvZyCI0an%2Fem3ox82DRCq7%2FIl0tpMLS2xDoL7oBVZY7eS2cmHAQD5VAnSJ3AaIMPGZ3Ko%2FRHiFCVJBx3pFOA5Qh70tYwsJpGs2QuXoZpl84k2D%2BT5q%2B%2FGRKzMF0zbQo9RIeQA7eRWwkqs8YLLGRc16n5OxxHv442a6mkZbX6XQzCr5r5X6Z40lfEQQ24IvvBphd3yknBbsHSmV3S1exIZ9w2cEPRFpTksJEq68Jg1FPQAAhGKqOmNbRjg24GLis6fiZl1zs4T7yggTyQ5%2FoO%2FE4cvnCn1H%2B7dlU2BlGh2cfqTPxcstv9Zd9by256SztOGftT2ZxMwf%2BJcTfZyGCqNYMsqCKnxP80TSSQ4JiqkAnxEMDcGfWA0Uzkd6m0ToxAzG0K71cVWDt1zbfokxh08nv%2FwjxwL5C40d6aD4goMxxIKb0SfdjZff%2F7Ev7Yc4YuJZb8cZdWxwr7fp1p7xMQwGEEY0BfBAcLPB2EQcGvqRAKZUs64mklQiTK2OV9ox8i6fRUsxydxsLXcm1zJtIZc2oPYjAXSLpluKxAESNcFNXScw0pA30frTXwtBSi0zWWIZvDuj1DqjDsqMa2BjqxAaOJydJotqAsIMdxNlCuwrrjZ%2Fn0rlvQcLpCrdaX1qrtyFKBLhFV4Rf9wEPFKQ7vifUYUek7JoZEWFjAO5Nh3BIPHWsosro%2BaFnbekThW3kRa5k7DTNZ7JBMPamKrP66HuPwvhlJ9mxruc3LyQjXoN7dSnBnTGunLpo2gImq5cAqNq0cpUj%2FZcCUbldGyIaOn%2BaNeSUidO1cRHvatYPIbInP3H%2FmbxJfNpxzq7Kt02lYcg%3D%3D\u0026X-Amz-Signature=76c8efcacbbe08d69f653d55fbae6bf6120a97a6fd346a0f89713160e6b72004",
            "qos": null,
            "radsec": null,
            "roam_mode": "none",
            "schedule": null,
            "site_id": "19e06ed0-9ee9-4ac7-9d5c-dd1ed551a95c",
            "sle_excluded": false,
            "ssid": "demo",
            "thumbnail": null,
            "use_eapol_v1": false,
            "vlan_enabled": true,
            "vlan_id": "160",
            "vlan_ids": [],
            "vlan_pooling": false,
            "wlan_limit_down": 0,
            "wlan_limit_down_enabled": false,
            "wlan_limit_up": 0,
            "wlan_limit_up_enabled": false,
            "wxtag_ids": [],
            "wxtunnel_id": "",
            "wxtunnel_remote_id": ""
          },
          "sensitive_attributes": [
            [
              {
                "type": "get_attr",
                "value": "acct_servers"
              },
              {
                "type": "index",
                "value": {
                  "value": 0,
                  "type": "number"
                }
              },
              {
                "type": "get_attr",
                "value": "secret"
              }
            ],
            [
              {
                "type": "get_attr",
                "value": "auth"
              },
              {
                "type": "get_attr",
                "value": "psk"
              }
            ],
            [
              {
                "type": "get_attr",
                "value": "auth_servers"
              },
              {
                "type": "index",
                "value": {
                  "value": 0,
                  "type": "number"
                }
              },
              {
                "type": "get_attr",
                "value": "secret"
              }
            ]
          ],
          "dependencies": [
            "mist_org.terraform_test",
            "mist_org_sitegroup.test_group",
            "mist_org_sitegroup.test_group2",
            "mist_site.terraform_site"
          ]
        }
      ]
    },
    {
      "mode": "managed",
      "type": "mist_site_wlan",
      "name": "wlan_one",
      "provider": "provider[\"registry.terraform.io/juniper/mist\"]",
      "instances": [
        {
          "schema_version": 0,
          "attributes": {
            "acct_immediate_update": false,
            "acct_interim_interval": 0,
            "acct_servers": null,
            "airwatch": null,
            "allow_ipv6_ndp": true,
            "allow_mdns": false,
            "allow_ssdp": false,
            "ap_ids": [],
            "app_limit": null,
            "app_qos": null,
            "apply_to": null,
            "arp_filter": false,
            "auth": {
              "anticlog_threshold": 16,
              "eap_reauth": false,
              "enable_mac_auth": false,
              "key_idx": 1,
              "keys": [],
              "multi_psk_only": false,
              "owe": "disabled",
              "pairwise": [],
              "private_wlan": false,
              "psk": "secretpsk",
              "type": "psk",
              "wep_as_secondary_auth": false
            },
            "auth_server_selection": "ordered",
            "auth_servers": null,
            "auth_servers_nas_id": null,
            "auth_servers_nas_ip": null,
            "auth_servers_retries": 2,
            "auth_servers_timeout": 5,
            "band_steer": false,
            "band_steer_force_band5": false,
            "bands": [
              "5",
              "6"
            ],
            "block_blacklist_clients": false,
            "bonjour": null,
            "cisco_cwa": null,
            "client_limit_down": null,
            "client_limit_down_enabled": false,
            "client_limit_up": null,
            "client_limit_up_enabled": false,
            "coa_servers": null,
            "disable_11ax": false,
            "disable_ht_vht_rates": false,
            "disable_uapsd": false,
            "disable_v1_roam_notify": false,
            "disable_v2_roam_notify": false,
            "disable_wmm": false,
            "dns_server_rewrite": null,
            "dtim": 2,
            "dynamic_psk": null,
            "dynamic_vlan": {
              "default_vlan_ids": [
                "494"
              ],
              "enabled": true,
              "local_vlan_ids": [],
              "type": "standard",
              "vlans": {
                "460": "",
                "492": "",
                "494": ""
              }
            },
            "enable_local_keycaching": false,
            "enable_wireless_bridging": false,
            "enable_wireless_bridging_dhcp_tracking": false,
            "enabled": true,
            "fast_dot1x_timers": false,
            "hide_ssid": false,
            "hostname_ie": false,
            "hotspot20": null,
            "id": "783beefc-d68a-4a68-a0e2-a9b775cfaeed",
            "inject_dhcp_option_82": null,
            "interface": "all",
            "isolation": false,
            "l2_isolation": false,
            "legacy_overds": false,
            "limit_bcast": false,
            "limit_probe_response": false,
            "max_idletime": 1800,
            "mist_nac": null,
            "msp_id": "",
            "mxtunnel_ids": [],
            "mxtunnel_name": [],
            "no_static_dns": false,
            "no_static_ip": false,
            "org_id": "992bf4b9-c900-4850-9992-107b2f9df928",
            "portal": null,
            "portal_allowed_hostnames": [],
            "portal_allowed_subnets": [],
            "portal_api_secret": null,
            "portal_denied_hostnames": [],
            "portal_image": null,
            "portal_sso_url": null,
            "portal_template_url": null,
            "qos": null,
            "radsec": null,
            "roam_mode": "none",
            "schedule": null,
            "site_id": "19e06ed0-9ee9-4ac7-9d5c-dd1ed551a95c",
            "sle_excluded": false,
            "ssid": "wlan_one",
            "thumbnail": null,
            "use_eapol_v1": false,
            "vlan_enabled": false,
            "vlan_id": "143",
            "vlan_ids": [],
            "vlan_pooling": false,
            "wlan_limit_down": 0,
            "wlan_limit_down_enabled": false,
            "wlan_limit_up": 0,
            "wlan_limit_up_enabled": false,
            "wxtag_ids": [],
            "wxtunnel_id": "",
            "wxtunnel_remote_id": ""
          },
          "sensitive_attributes": [
            [
              {
                "type": "get_attr",
                "value": "auth"
              },
              {
                "type": "get_attr",
                "value": "psk"
              }
            ]
          ],
          "dependencies": [
            "mist_org.terraform_test",
            "mist_org_sitegroup.test_group",
            "mist_org_sitegroup.test_group2",
            "mist_site.terraform_site"
          ]
        }
      ]
    }
  ],
  "check_results": null
}
