{
  "version": 4,
  "terraform_version": "1.9.2",
  "serial": 1351,
  "lineage": "20532229-881e-4371-f1fd-11d081e97e25",
  "outputs": {
    "mist_device_ap_stats": {
      "value": [
        {
          "auto_placement": null,
          "auto_upgrade_stat": {
            "lastcheck": 1720874902
          },
          "ble_stat": {
            "beacon_enabled": true,
            "beacon_rate": 4,
            "eddystone_uid_enabled": false,
            "eddystone_uid_freq_msec": 1000,
            "eddystone_uid_instance": "003e7316ff9e",
            "eddystone_uid_namespace": "992bf4b9c90048509992",
            "eddystone_url_enabled": false,
            "eddystone_url_freq_msec": 1000,
            "eddystone_url_url": "",
            "ibeacon_enabled": false,
            "ibeacon_freq_msec": 1000,
            "ibeacon_major": 906,
            "ibeacon_minor": 54352,
            "ibeacon_uuid": "992bf4b9-c900-4850-9992-107b2f9df928",
            "major": 906,
            "minors": [
              -1
            ],
            "power": 8,
            "rx_bytes": 14162033,
            "rx_pkts": 373618,
            "tx_bytes": 34319,
            "tx_pkts": 5745,
            "tx_resets": 0,
            "uuid": "992bf4b9-c900-4850-9992-107b2f9df928"
          },
          "cert_expiry": null,
          "config_reverted": false,
          "cpu_system": 593434,
          "cpu_util": 5,
          "created_time": 1720700511,
          "deviceprofile_id": null,
          "env_stat": {
            "accel_x": 0.042,
            "accel_y": 0.041,
            "accel_z": -0.998,
            "ambient_temp": 0,
            "attitude": 0,
            "cpu_temp": 53,
            "humidity": 0,
            "magne_x": 0,
            "magne_y": 0,
            "magne_z": 0,
            "pressure": 0,
            "vcore_voltage": 0
          },
          "esl_stat": null,
          "ext_ip": "86.242.201.201",
          "fwupdate": null,
          "hw_rev": "AA",
          "id": "00000000-0000-0000-1000-003e7316ff9e",
          "inactive_wired_vlans": [],
          "iot_stat": {},
          "ip": "10.3.172.52",
          "ip_config": null,
          "ip_stat": {
            "dhcp_server": "10.3.172.9",
            "dns": [
              "10.3.51.222"
            ],
            "dns_suffix": null,
            "gateway": "10.3.172.9",
            "gateway6": null,
            "ip": "10.3.172.52",
            "ip6": "fe80:0:0:0:23e:73ff:fe16:ff9e",
            "ips": {
              "vlan1": "10.3.172.52/24,fe80:0:0:0:23e:73ff:fe16:ff9e/64"
            },
            "netmask": "255.255.255.0",
            "netmask6": "/64"
          },
          "l2tp_stat": {},
          "last_seen": 1720878204,
          "last_trouble": null,
          "led": null,
          "lldp_stat": {
            "chassis_id": "48:5a:0d:ea:2e:00",
            "lldp_med_supported": true,
            "mgmt_addr": "48-5a-0d-ea-2e-00",
            "mgmt_addrs": [
              "48-5a-0d-ea-2e-00"
            ],
            "port_desc": "ge-0/0/1",
            "port_id": "ge-0/0/1",
            "power_allocated": 13000,
            "power_draw": 13000,
            "power_request_count": 3,
            "power_requested": 13000,
            "system_desc": "Juniper Networks, Inc. ex4100-f-12p Ethernet Switch, kernel JUNOS 22.4R3.25, Build date: 2024-02-10 00:49:09 UTC Copyright (c) 1996-2024 Juniper Networks, Inc.",
            "system_name": "SW-HLAB-ea2e00"
          },
          "locating": null,
          "locked": null,
          "mac": "003e7316ff9e",
          "map_id": null,
          "mem_used_kb": 149032,
          "mesh_downlinks": null,
          "mesh_uplink": null,
          "model": "AP24",
          "modified_time": 1720700512,
          "mount": "faceup",
          "name": "test_ap",
          "notes": null,
          "num_clients": 0,
          "org_id": "992bf4b9-c900-4850-9992-107b2f9df928",
          "port_stat": {
            "eth0": {
              "full_duplex": true,
              "rx_bytes": 79326053,
              "rx_errors": 0,
              "rx_pkts": 629303,
              "speed": 1000,
              "tx_bytes": 14854850,
              "tx_pkts": 50525,
              "up": true
            }
          },
          "power_budget": 50,
          "power_constrained": false,
          "power_opmode": "",
          "power_src": "LLDP",
          "radio_stat": {
            "band_24": {
              "bandwidth": 0,
              "channel": 11,
              "dynamic_chaining_enalbed": null,
              "mac": null,
              "noise_floor": -95,
              "num_clients": 0,
              "power": 0,
              "rx_bytes": 0,
              "rx_pkts": 0,
              "tx_bytes": 0,
              "tx_pkts": 0,
              "usage": "24",
              "util_all": 0,
              "util_non_wifi": 0,
              "util_rx_in_bss": 0,
              "util_rx_other_bss": 0,
              "util_tx": 0,
              "util_undecodable_wifi": 0,
              "util_unknown_wifi": 0
            },
            "band_5": {
              "bandwidth": 20,
              "channel": 132,
              "dynamic_chaining_enalbed": null,
              "mac": "003e73f4d7a0",
              "noise_floor": -91,
              "num_clients": 0,
              "power": 8,
              "rx_bytes": 0,
              "rx_pkts": 0,
              "tx_bytes": 0,
              "tx_pkts": 0,
              "usage": "5",
              "util_all": 0,
              "util_non_wifi": 0,
              "util_rx_in_bss": 0,
              "util_rx_other_bss": 0,
              "util_tx": 0,
              "util_undecodable_wifi": 0,
              "util_unknown_wifi": 0
            },
            "band_6": null
          },
          "rx_bps": 0,
          "rx_bytes": 0,
          "rx_pkts": 0,
          "serial": "A192923060671",
          "site_id": "0791c009-f08d-4249-b104-097b396b1cb9",
          "status": "connected",
          "switch_redundancy": {
            "num_redundant_aps": 1
          },
          "tx_bps": 0,
          "tx_bytes": 0,
          "tx_pkts": 0,
          "uptime": 64786,
          "usb_stat": null,
          "version": "0.14.29411",
          "x": null,
          "y": null
        },
        {
          "auto_placement": null,
          "auto_upgrade_stat": {
            "lastcheck": null
          },
          "ble_stat": {
            "beacon_enabled": true,
            "beacon_rate": 4,
            "eddystone_uid_enabled": false,
            "eddystone_uid_freq_msec": 1000,
            "eddystone_uid_instance": "d420b083e17a",
            "eddystone_uid_namespace": "992bf4b9c90048509992",
            "eddystone_url_enabled": false,
            "eddystone_url_freq_msec": 1000,
            "eddystone_url_url": "",
            "ibeacon_enabled": false,
            "ibeacon_freq_msec": 1000,
            "ibeacon_major": 907,
            "ibeacon_minor": 41776,
            "ibeacon_uuid": "992bf4b9-c900-4850-9992-107b2f9df928",
            "major": 907,
            "minors": [
              41776,
              41777,
              41778,
              41779,
              41780,
              41781,
              41782,
              41783,
              41784,
              -1
            ],
            "power": 8,
            "rx_bytes": null,
            "rx_pkts": null,
            "tx_bytes": null,
            "tx_pkts": null,
            "tx_resets": null,
            "uuid": "992bf4b9-c900-4850-9992-107b2f9df928"
          },
          "cert_expiry": null,
          "config_reverted": null,
          "cpu_system": null,
          "cpu_util": null,
          "created_time": 1720859405,
          "deviceprofile_id": null,
          "env_stat": null,
          "esl_stat": null,
          "ext_ip": null,
          "fwupdate": null,
          "hw_rev": "AA",
          "id": "00000000-0000-0000-1000-d420b083e17a",
          "inactive_wired_vlans": null,
          "iot_stat": null,
          "ip": null,
          "ip_config": null,
          "ip_stat": null,
          "l2tp_stat": null,
          "last_seen": null,
          "last_trouble": null,
          "led": null,
          "lldp_stat": null,
          "locating": null,
          "locked": null,
          "mac": "d420b083e17a",
          "map_id": null,
          "mem_used_kb": null,
          "mesh_downlinks": null,
          "mesh_uplink": null,
          "model": "AP33",
          "modified_time": 1720859405,
          "mount": null,
          "name": "",
          "notes": null,
          "num_clients": null,
          "org_id": "992bf4b9-c900-4850-9992-107b2f9df928",
          "port_stat": null,
          "power_budget": null,
          "power_constrained": null,
          "power_opmode": null,
          "power_src": null,
          "radio_stat": null,
          "rx_bps": null,
          "rx_bytes": null,
          "rx_pkts": null,
          "serial": "A113520020634",
          "site_id": "b70bd41c-547a-4c6f-a0fc-73578276afcb",
          "status": "disconnected",
          "switch_redundancy": {
            "num_redundant_aps": 0
          },
          "tx_bps": null,
          "tx_bytes": null,
          "tx_pkts": null,
          "uptime": null,
          "usb_stat": null,
          "version": null,
          "x": null,
          "y": null
        }
      ],
      "type": [
        "set",
        [
          "object",
          {
            "auto_placement": [
              "object",
              {
                "info": [
                  "object",
                  {
                    "cluster_number": "number",
                    "orientation_stats": "number",
                    "probability_surface": [
                      "object",
                      {
                        "radius": "number",
                        "radius_m": "number",
                        "x": "number"
                      }
                    ]
                  }
                ],
                "recommended_anchor": "bool",
                "status": "string",
                "status_detail": "string",
                "use_auto_placement": "bool",
                "x": "number",
                "x_m": "number",
                "y": "number",
                "y_m": "number"
              }
            ],
            "auto_upgrade_stat": [
              "object",
              {
                "lastcheck": "number"
              }
            ],
            "ble_stat": [
              "object",
              {
                "beacon_enabled": "bool",
                "beacon_rate": "number",
                "eddystone_uid_enabled": "bool",
                "eddystone_uid_freq_msec": "number",
                "eddystone_uid_instance": "string",
                "eddystone_uid_namespace": "string",
                "eddystone_url_enabled": "bool",
                "eddystone_url_freq_msec": "number",
                "eddystone_url_url": "string",
                "ibeacon_enabled": "bool",
                "ibeacon_freq_msec": "number",
                "ibeacon_major": "number",
                "ibeacon_minor": "number",
                "ibeacon_uuid": "string",
                "major": "number",
                "minors": [
                  "list",
                  "number"
                ],
                "power": "number",
                "rx_bytes": "number",
                "rx_pkts": "number",
                "tx_bytes": "number",
                "tx_pkts": "number",
                "tx_resets": "number",
                "uuid": "string"
              }
            ],
            "cert_expiry": "number",
            "config_reverted": "bool",
            "cpu_system": "number",
            "cpu_util": "number",
            "created_time": "number",
            "deviceprofile_id": "string",
            "env_stat": [
              "object",
              {
                "accel_x": "number",
                "accel_y": "number",
                "accel_z": "number",
                "ambient_temp": "number",
                "attitude": "number",
                "cpu_temp": "number",
                "humidity": "number",
                "magne_x": "number",
                "magne_y": "number",
                "magne_z": "number",
                "pressure": "number",
                "vcore_voltage": "number"
              }
            ],
            "esl_stat": [
              "object",
              {
                "channel": "number",
                "connected": "bool",
                "type": "string",
                "up": "bool"
              }
            ],
            "ext_ip": "string",
            "fwupdate": [
              "object",
              {
                "progress": "number",
                "status": "string",
                "status_id": "number",
                "timestamp": "number",
                "will_retry": "bool"
              }
            ],
            "hw_rev": "string",
            "id": "string",
            "inactive_wired_vlans": [
              "list",
              "number"
            ],
            "iot_stat": [
              "map",
              [
                "object",
                {
                  "value": "number"
                }
              ]
            ],
            "ip": "string",
            "ip_config": [
              "object",
              {
                "dns": [
                  "list",
                  "string"
                ],
                "dns_suffix": [
                  "list",
                  "string"
                ],
                "gateway": "string",
                "gateway6": "string",
                "ip": "string",
                "ip6": "string",
                "mtu": "number",
                "netmask": "string",
                "netmask6": "string",
                "type": "string",
                "type6": "string",
                "vlan_id": "number"
              }
            ],
            "ip_stat": [
              "object",
              {
                "dhcp_server": "string",
                "dns": [
                  "list",
                  "string"
                ],
                "dns_suffix": [
                  "list",
                  "string"
                ],
                "gateway": "string",
                "gateway6": "string",
                "ip": "string",
                "ip6": "string",
                "ips": [
                  "map",
                  "string"
                ],
                "netmask": "string",
                "netmask6": "string"
              }
            ],
            "l2tp_stat": [
              "map",
              [
                "object",
                {
                  "sessions": [
                    "list",
                    [
                      "object",
                      {
                        "local_sid": "number",
                        "remote_id": "string",
                        "remote_sid": "number",
                        "state": "string"
                      }
                    ]
                  ],
                  "state": "string",
                  "uptime": "number",
                  "wxtunnel_id": "string"
                }
              ]
            ],
            "last_seen": "number",
            "last_trouble": [
              "object",
              {
                "code": "string",
                "timestamp": "number"
              }
            ],
            "led": [
              "object",
              {
                "brightness": "number",
                "enabled": "bool"
              }
            ],
            "lldp_stat": [
              "object",
              {
                "chassis_id": "string",
                "lldp_med_supported": "bool",
                "mgmt_addr": "string",
                "mgmt_addrs": [
                  "list",
                  "string"
                ],
                "port_desc": "string",
                "port_id": "string",
                "power_allocated": "number",
                "power_draw": "number",
                "power_request_count": "number",
                "power_requested": "number",
                "system_desc": "string",
                "system_name": "string"
              }
            ],
            "locating": "bool",
            "locked": "bool",
            "mac": "string",
            "map_id": "string",
            "mem_used_kb": "number",
            "mesh_downlinks": [
              "map",
              [
                "object",
                {
                  "band": "string",
                  "channel": "number",
                  "idle_time": "number",
                  "last_seen": "number",
                  "proto": "string",
                  "rssi": "number",
                  "rx_bps": "number",
                  "rx_bytes": "number",
                  "rx_packets": "number",
                  "rx_rate": "number",
                  "rx_retries": "number",
                  "site_id": "string",
                  "snr": "number",
                  "tx_bps": "number",
                  "tx_bytes": "number",
                  "tx_packets": "number",
                  "tx_rate": "number",
                  "tx_retries": "number"
                }
              ]
            ],
            "mesh_uplink": [
              "object",
              {
                "band": "string",
                "channel": "number",
                "idle_time": "number",
                "last_seen": "number",
                "proto": "string",
                "rssi": "number",
                "rx_bps": "number",
                "rx_bytes": "number",
                "rx_packets": "number",
                "rx_rate": "number",
                "rx_retries": "number",
                "site_id": "string",
                "snr": "number",
                "tx_bps": "number",
                "tx_bytes": "number",
                "tx_packets": "number",
                "tx_rate": "number",
                "tx_retries": "number",
                "uplink_ap_id": "string"
              }
            ],
            "model": "string",
            "modified_time": "number",
            "mount": "string",
            "name": "string",
            "notes": "string",
            "num_clients": "number",
            "org_id": "string",
            "port_stat": [
              "map",
              [
                "object",
                {
                  "full_duplex": "bool",
                  "rx_bytes": "number",
                  "rx_errors": "number",
                  "rx_pkts": "number",
                  "speed": "number",
                  "tx_bytes": "number",
                  "tx_pkts": "number",
                  "up": "bool"
                }
              ]
            ],
            "power_budget": "number",
            "power_constrained": "bool",
            "power_opmode": "string",
            "power_src": "string",
            "radio_stat": [
              "object",
              {
                "band_24": [
                  "object",
                  {
                    "bandwidth": "number",
                    "channel": "number",
                    "dynamic_chaining_enalbed": "bool",
                    "mac": "string",
                    "noise_floor": "number",
                    "num_clients": "number",
                    "power": "number",
                    "rx_bytes": "number",
                    "rx_pkts": "number",
                    "tx_bytes": "number",
                    "tx_pkts": "number",
                    "usage": "string",
                    "util_all": "number",
                    "util_non_wifi": "number",
                    "util_rx_in_bss": "number",
                    "util_rx_other_bss": "number",
                    "util_tx": "number",
                    "util_undecodable_wifi": "number",
                    "util_unknown_wifi": "number"
                  }
                ],
                "band_5": [
                  "object",
                  {
                    "bandwidth": "number",
                    "channel": "number",
                    "dynamic_chaining_enalbed": "bool",
                    "mac": "string",
                    "noise_floor": "number",
                    "num_clients": "number",
                    "power": "number",
                    "rx_bytes": "number",
                    "rx_pkts": "number",
                    "tx_bytes": "number",
                    "tx_pkts": "number",
                    "usage": "string",
                    "util_all": "number",
                    "util_non_wifi": "number",
                    "util_rx_in_bss": "number",
                    "util_rx_other_bss": "number",
                    "util_tx": "number",
                    "util_undecodable_wifi": "number",
                    "util_unknown_wifi": "number"
                  }
                ],
                "band_6": [
                  "object",
                  {
                    "bandwidth": "number",
                    "channel": "number",
                    "dynamic_chaining_enalbed": "bool",
                    "mac": "string",
                    "noise_floor": "number",
                    "num_clients": "number",
                    "power": "number",
                    "rx_bytes": "number",
                    "rx_pkts": "number",
                    "tx_bytes": "number",
                    "tx_pkts": "number",
                    "usage": "string",
                    "util_all": "number",
                    "util_non_wifi": "number",
                    "util_rx_in_bss": "number",
                    "util_rx_other_bss": "number",
                    "util_tx": "number",
                    "util_undecodable_wifi": "number",
                    "util_unknown_wifi": "number"
                  }
                ]
              }
            ],
            "rx_bps": "number",
            "rx_bytes": "number",
            "rx_pkts": "number",
            "serial": "string",
            "site_id": "string",
            "status": "string",
            "switch_redundancy": [
              "object",
              {
                "num_redundant_aps": "number"
              }
            ],
            "tx_bps": "number",
            "tx_bytes": "number",
            "tx_pkts": "number",
            "uptime": "number",
            "usb_stat": [
              "object",
              {
                "channel": "number",
                "connected": "bool",
                "last_activity": "number",
                "type": "string",
                "up": "bool"
              }
            ],
            "version": "string",
            "x": "number",
            "y": "number"
          }
        ]
      ]
    }
  },
  "resources": [
    {
      "mode": "data",
      "type": "mist_device_ap_stats",
      "name": "example",
      "provider": "provider[\"registry.terraform.io/juniper/mist\"]",
      "instances": [
        {
          "schema_version": 0,
          "attributes": {
            "device_ap_stats": [
              {
                "auto_placement": null,
                "auto_upgrade_stat": {
                  "lastcheck": 1720874902
                },
                "ble_stat": {
                  "beacon_enabled": true,
                  "beacon_rate": 4,
                  "eddystone_uid_enabled": false,
                  "eddystone_uid_freq_msec": 1000,
                  "eddystone_uid_instance": "003e7316ff9e",
                  "eddystone_uid_namespace": "992bf4b9c90048509992",
                  "eddystone_url_enabled": false,
                  "eddystone_url_freq_msec": 1000,
                  "eddystone_url_url": "",
                  "ibeacon_enabled": false,
                  "ibeacon_freq_msec": 1000,
                  "ibeacon_major": 906,
                  "ibeacon_minor": 54352,
                  "ibeacon_uuid": "992bf4b9-c900-4850-9992-107b2f9df928",
                  "major": 906,
                  "minors": [
                    -1
                  ],
                  "power": 8,
                  "rx_bytes": 14162033,
                  "rx_pkts": 373618,
                  "tx_bytes": 34319,
                  "tx_pkts": 5745,
                  "tx_resets": 0,
                  "uuid": "992bf4b9-c900-4850-9992-107b2f9df928"
                },
                "cert_expiry": null,
                "config_reverted": false,
                "cpu_system": 593434,
                "cpu_util": 5,
                "created_time": 1720700511,
                "deviceprofile_id": null,
                "env_stat": {
                  "accel_x": 0.042,
                  "accel_y": 0.041,
                  "accel_z": -0.998,
                  "ambient_temp": 0,
                  "attitude": 0,
                  "cpu_temp": 53,
                  "humidity": 0,
                  "magne_x": 0,
                  "magne_y": 0,
                  "magne_z": 0,
                  "pressure": 0,
                  "vcore_voltage": 0
                },
                "esl_stat": null,
                "ext_ip": "86.242.201.201",
                "fwupdate": null,
                "hw_rev": "AA",
                "id": "00000000-0000-0000-1000-003e7316ff9e",
                "inactive_wired_vlans": [],
                "iot_stat": {},
                "ip": "10.3.172.52",
                "ip_config": null,
                "ip_stat": {
                  "dhcp_server": "10.3.172.9",
                  "dns": [
                    "10.3.51.222"
                  ],
                  "dns_suffix": null,
                  "gateway": "10.3.172.9",
                  "gateway6": null,
                  "ip": "10.3.172.52",
                  "ip6": "fe80:0:0:0:23e:73ff:fe16:ff9e",
                  "ips": {
                    "vlan1": "10.3.172.52/24,fe80:0:0:0:23e:73ff:fe16:ff9e/64"
                  },
                  "netmask": "255.255.255.0",
                  "netmask6": "/64"
                },
                "l2tp_stat": {},
                "last_seen": 1720878204,
                "last_trouble": null,
                "led": null,
                "lldp_stat": {
                  "chassis_id": "48:5a:0d:ea:2e:00",
                  "lldp_med_supported": true,
                  "mgmt_addr": "48-5a-0d-ea-2e-00",
                  "mgmt_addrs": [
                    "48-5a-0d-ea-2e-00"
                  ],
                  "port_desc": "ge-0/0/1",
                  "port_id": "ge-0/0/1",
                  "power_allocated": 13000,
                  "power_draw": 13000,
                  "power_request_count": 3,
                  "power_requested": 13000,
                  "system_desc": "Juniper Networks, Inc. ex4100-f-12p Ethernet Switch, kernel JUNOS 22.4R3.25, Build date: 2024-02-10 00:49:09 UTC Copyright (c) 1996-2024 Juniper Networks, Inc.",
                  "system_name": "SW-HLAB-ea2e00"
                },
                "locating": null,
                "locked": null,
                "mac": "003e7316ff9e",
                "map_id": null,
                "mem_used_kb": 149032,
                "mesh_downlinks": null,
                "mesh_uplink": null,
                "model": "AP24",
                "modified_time": 1720700512,
                "mount": "faceup",
                "name": "test_ap",
                "notes": null,
                "num_clients": 0,
                "org_id": "992bf4b9-c900-4850-9992-107b2f9df928",
                "port_stat": {
                  "eth0": {
                    "full_duplex": true,
                    "rx_bytes": 79326053,
                    "rx_errors": 0,
                    "rx_pkts": 629303,
                    "speed": 1000,
                    "tx_bytes": 14854850,
                    "tx_pkts": 50525,
                    "up": true
                  }
                },
                "power_budget": 50,
                "power_constrained": false,
                "power_opmode": "",
                "power_src": "LLDP",
                "radio_stat": {
                  "band_24": {
                    "bandwidth": 0,
                    "channel": 11,
                    "dynamic_chaining_enalbed": null,
                    "mac": null,
                    "noise_floor": -95,
                    "num_clients": 0,
                    "power": 0,
                    "rx_bytes": 0,
                    "rx_pkts": 0,
                    "tx_bytes": 0,
                    "tx_pkts": 0,
                    "usage": "24",
                    "util_all": 0,
                    "util_non_wifi": 0,
                    "util_rx_in_bss": 0,
                    "util_rx_other_bss": 0,
                    "util_tx": 0,
                    "util_undecodable_wifi": 0,
                    "util_unknown_wifi": 0
                  },
                  "band_5": {
                    "bandwidth": 20,
                    "channel": 132,
                    "dynamic_chaining_enalbed": null,
                    "mac": "003e73f4d7a0",
                    "noise_floor": -91,
                    "num_clients": 0,
                    "power": 8,
                    "rx_bytes": 0,
                    "rx_pkts": 0,
                    "tx_bytes": 0,
                    "tx_pkts": 0,
                    "usage": "5",
                    "util_all": 0,
                    "util_non_wifi": 0,
                    "util_rx_in_bss": 0,
                    "util_rx_other_bss": 0,
                    "util_tx": 0,
                    "util_undecodable_wifi": 0,
                    "util_unknown_wifi": 0
                  },
                  "band_6": null
                },
                "rx_bps": 0,
                "rx_bytes": 0,
                "rx_pkts": 0,
                "serial": "A192923060671",
                "site_id": "0791c009-f08d-4249-b104-097b396b1cb9",
                "status": "connected",
                "switch_redundancy": {
                  "num_redundant_aps": 1
                },
                "tx_bps": 0,
                "tx_bytes": 0,
                "tx_pkts": 0,
                "uptime": 64786,
                "usb_stat": null,
                "version": "0.14.29411",
                "x": null,
                "y": null
              },
              {
                "auto_placement": null,
                "auto_upgrade_stat": {
                  "lastcheck": null
                },
                "ble_stat": {
                  "beacon_enabled": true,
                  "beacon_rate": 4,
                  "eddystone_uid_enabled": false,
                  "eddystone_uid_freq_msec": 1000,
                  "eddystone_uid_instance": "d420b083e17a",
                  "eddystone_uid_namespace": "992bf4b9c90048509992",
                  "eddystone_url_enabled": false,
                  "eddystone_url_freq_msec": 1000,
                  "eddystone_url_url": "",
                  "ibeacon_enabled": false,
                  "ibeacon_freq_msec": 1000,
                  "ibeacon_major": 907,
                  "ibeacon_minor": 41776,
                  "ibeacon_uuid": "992bf4b9-c900-4850-9992-107b2f9df928",
                  "major": 907,
                  "minors": [
                    41776,
                    41777,
                    41778,
                    41779,
                    41780,
                    41781,
                    41782,
                    41783,
                    41784,
                    -1
                  ],
                  "power": 8,
                  "rx_bytes": null,
                  "rx_pkts": null,
                  "tx_bytes": null,
                  "tx_pkts": null,
                  "tx_resets": null,
                  "uuid": "992bf4b9-c900-4850-9992-107b2f9df928"
                },
                "cert_expiry": null,
                "config_reverted": null,
                "cpu_system": null,
                "cpu_util": null,
                "created_time": 1720859405,
                "deviceprofile_id": null,
                "env_stat": null,
                "esl_stat": null,
                "ext_ip": null,
                "fwupdate": null,
                "hw_rev": "AA",
                "id": "00000000-0000-0000-1000-d420b083e17a",
                "inactive_wired_vlans": null,
                "iot_stat": null,
                "ip": null,
                "ip_config": null,
                "ip_stat": null,
                "l2tp_stat": null,
                "last_seen": null,
                "last_trouble": null,
                "led": null,
                "lldp_stat": null,
                "locating": null,
                "locked": null,
                "mac": "d420b083e17a",
                "map_id": null,
                "mem_used_kb": null,
                "mesh_downlinks": null,
                "mesh_uplink": null,
                "model": "AP33",
                "modified_time": 1720859405,
                "mount": null,
                "name": "",
                "notes": null,
                "num_clients": null,
                "org_id": "992bf4b9-c900-4850-9992-107b2f9df928",
                "port_stat": null,
                "power_budget": null,
                "power_constrained": null,
                "power_opmode": null,
                "power_src": null,
                "radio_stat": null,
                "rx_bps": null,
                "rx_bytes": null,
                "rx_pkts": null,
                "serial": "A113520020634",
                "site_id": "b70bd41c-547a-4c6f-a0fc-73578276afcb",
                "status": "disconnected",
                "switch_redundancy": {
                  "num_redundant_aps": 0
                },
                "tx_bps": null,
                "tx_bytes": null,
                "tx_pkts": null,
                "uptime": null,
                "usb_stat": null,
                "version": null,
                "x": null,
                "y": null
              }
            ],
            "duration": null,
            "end": null,
            "mac": null,
            "org_id": "992bf4b9-c900-4850-9992-107b2f9df928",
            "site_id": null,
            "start": null,
            "status": null
          },
          "sensitive_attributes": []
        }
      ]
    },
    {
      "mode": "managed",
      "type": "mist_device_ap",
      "name": "test_ap",
      "provider": "provider[\"registry.terraform.io/juniper/mist\"]",
      "instances": [
        {
          "schema_version": 0,
          "attributes": {
            "aeroscout": null,
            "ble_config": null,
            "centrak": null,
            "client_bridge": null,
            "device_id": "00000000-0000-0000-1000-003e7316ff9e",
            "deviceprofile_id": null,
            "disable_eth1": false,
            "disable_eth2": false,
            "disable_eth3": false,
            "disable_module": false,
            "esl_config": null,
            "height": null,
            "image1_url": null,
            "image2_url": null,
            "image3_url": null,
            "ip_config": null,
            "led": null,
            "locked": null,
            "mac": "003e7316ff9e",
            "map_id": null,
            "mesh": null,
            "model": "AP24",
            "name": "test_ap",
            "notes": null,
            "ntp_servers": null,
            "org_id": "992bf4b9-c900-4850-9992-107b2f9df928",
            "orientation": null,
            "poe_passthrough": false,
            "pwr_config": null,
            "radio_config": null,
            "serial": "A192923060671",
            "site_id": "0791c009-f08d-4249-b104-097b396b1cb9",
            "type": "ap",
            "uplink_port_config": null,
            "usb_config": null,
            "vars": null,
            "x": null,
            "y": null
          },
          "sensitive_attributes": [],
          "dependencies": [
            "mist_org.terraform_test",
            "mist_org_gatewaytemplate.test-api",
            "mist_org_inventory.inventory",
            "mist_org_networktemplate.switch_template",
            "mist_org_rftemplate.test_rf",
            "mist_org_sitegroup.test_group",
            "mist_org_sitegroup.test_group2",
            "mist_site.terraform_site"
          ]
        }
      ]
    },
    {
      "mode": "managed",
      "type": "mist_device_gateway",
      "name": "cluster_one",
      "provider": "provider[\"registry.terraform.io/juniper/mist\"]",
      "instances": [
        {
          "schema_version": 0,
          "attributes": {
            "additional_config_cmds": [
              "annotate system \" -- custom-main -- Template level --\"",
              "delete apply-groups custom-main",
              "delete groups custom-main",
              "set groups custom-main",
              "set groups custom-main system services ssh root-login allow",
              "set apply-groups custom-main"
            ],
            "bgp_config": null,
            "device_id": "00000000-0000-0000-1000-4c96143de700",
            "deviceprofile_id": null,
            "dhcpd_config": null,
            "dns_servers": [
              "8.8.8.8"
            ],
            "dns_suffix": null,
            "extra_routes": null,
            "idp_profiles": null,
            "image1_url": null,
            "image2_url": null,
            "image3_url": null,
            "ip_configs": null,
            "mac": "4c96143de700",
            "managed": null,
            "map_id": null,
            "model": "VSRX3",
            "msp_id": null,
            "name": "cluster_one",
            "networks": null,
            "notes": null,
            "ntp_servers": null,
            "oob_ip_config": {
              "ip": null,
              "netmask": null,
              "network": null,
              "node1": null,
              "type": "dhcp",
              "use_mgmt_vrf": false,
              "use_mgmt_vrf_for_host_out": false
            },
            "org_id": "992bf4b9-c900-4850-9992-107b2f9df928",
            "path_preferences": null,
            "port_config": null,
            "port_mirroring": null,
            "router_id": null,
            "routing_policies": null,
            "serial": "1440DC8FDEDF",
            "service_policies": null,
            "site_id": "b70bd41c-547a-4c6f-a0fc-73578276afcb",
            "tunnel_configs": null,
            "tunnel_provider_options": null,
            "type": "gateway",
            "vars": null,
            "x": null,
            "y": null
          },
          "sensitive_attributes": [],
          "dependencies": [
            "mist_device_gateway_cluster.cluster_one",
            "mist_org.terraform_test",
            "mist_org_sitegroup.test_group",
            "mist_org_sitegroup.test_group2",
            "mist_site.terraform_site2"
          ]
        }
      ]
    },
    {
      "mode": "managed",
      "type": "mist_device_gateway",
      "name": "srx",
      "provider": "provider[\"registry.terraform.io/juniper/mist\"]",
      "instances": [
        {
          "schema_version": 0,
          "attributes": {
            "additional_config_cmds": null,
            "bgp_config": null,
            "device_id": "00000000-0000-0000-1000-e8a24550e732",
            "deviceprofile_id": null,
            "dhcpd_config": {
              "config": null,
              "enabled": false
            },
            "dns_servers": null,
            "dns_suffix": null,
            "extra_routes": null,
            "idp_profiles": null,
            "image1_url": null,
            "image2_url": null,
            "image3_url": null,
            "ip_configs": {
              "PRD-Core": {
                "ip": "10.3.100.9",
                "netmask": "/24",
                "secondary_ips": [],
                "type": "static"
              },
              "PRD-Lab": {
                "ip": "10.3.171.1",
                "netmask": "/24",
                "secondary_ips": [],
                "type": "static"
              },
              "PRD-Mgmt": {
                "ip": "10.3.172.1",
                "netmask": "/24",
                "secondary_ips": [],
                "type": "static"
              }
            },
            "mac": "e8a24550e732",
            "managed": null,
            "map_id": null,
            "model": "SRX320",
            "msp_id": null,
            "name": "srx",
            "networks": null,
            "notes": null,
            "ntp_servers": null,
            "oob_ip_config": null,
            "org_id": "992bf4b9-c900-4850-9992-107b2f9df928",
            "path_preferences": {
              "HUB": {
                "paths": [
                  {
                    "cost": null,
                    "disabled": null,
                    "gateway_ip": null,
                    "internet_access": false,
                    "name": "SSR_HUB_DC-MPLS.OrgOverlay",
                    "networks": [],
                    "target_ips": [],
                    "type": "vpn",
                    "wan_name": null
                  }
                ],
                "strategy": "ordered"
              },
              "HUB-ECMP": {
                "paths": [
                  {
                    "cost": 30,
                    "disabled": null,
                    "gateway_ip": null,
                    "internet_access": false,
                    "name": "SSR_HUB_DC-MPLS.OrgOverlay",
                    "networks": [],
                    "target_ips": [],
                    "type": "vpn",
                    "wan_name": "LTE"
                  },
                  {
                    "cost": 30,
                    "disabled": null,
                    "gateway_ip": null,
                    "internet_access": false,
                    "name": "SSR_HUB_DC-MPLS.OrgOverlay",
                    "networks": [],
                    "target_ips": [],
                    "type": "vpn",
                    "wan_name": "FTTH"
                  }
                ],
                "strategy": "weighted"
              },
              "HUB-ORDERED": {
                "paths": [
                  {
                    "cost": null,
                    "disabled": null,
                    "gateway_ip": null,
                    "internet_access": false,
                    "name": "SSR_HUB_DC-MPLS.OrgOverlay",
                    "networks": [],
                    "target_ips": [],
                    "type": "vpn",
                    "wan_name": "FTTH"
                  },
                  {
                    "cost": null,
                    "disabled": null,
                    "gateway_ip": null,
                    "internet_access": false,
                    "name": "SSR_HUB_DC-MPLS.OrgOverlay",
                    "networks": [],
                    "target_ips": [],
                    "type": "vpn",
                    "wan_name": "LTE"
                  }
                ],
                "strategy": "ordered"
              }
            },
            "port_config": {
              "ge-0/0/3": {
                "description": null,
                "disable_autoneg": false,
                "disabled": false,
                "dsl_type": "vdsl",
                "dsl_vci": 35,
                "dsl_vpi": 0,
                "duplex": "auto",
                "ip_config": {
                  "dns": null,
                  "dns_suffix": null,
                  "gateway": "192.168.1.1",
                  "ip": "192.168.1.8",
                  "netmask": "/24",
                  "network": null,
                  "poser_password": null,
                  "pppoe_auth": "none",
                  "pppoe_username": null,
                  "type": "static"
                },
                "lte_apn": null,
                "lte_auth": "none",
                "lte_backup": null,
                "lte_password": null,
                "lte_username": null,
                "mtu": null,
                "name": "FTTH",
                "networks": [],
                "outer_vlan_id": null,
                "poe_disabled": false,
                "port_network": null,
                "preserve_dscp": true,
                "redundant": false,
                "reth_idx": null,
                "reth_node": null,
                "reth_nodes": [],
                "speed": "auto",
                "ssr_no_virtual_mac": false,
                "svr_port_range": "none",
                "traffic_shaping": null,
                "usage": "wan",
                "vlan_id": null,
                "vpn_paths": {
                  "SSR_HUB_DC-MPLS.OrgOverlay": {
                    "bfd_profile": "broadband",
                    "bfd_use_tunnel_mode": false,
                    "preference": null,
                    "role": "spoke",
                    "traffic_shaping": null
                  }
                },
                "wan_arp_policer": "recommended",
                "wan_ext_ip": null,
                "wan_source_nat": {
                  "disabled": false,
                  "nat_pool": null
                },
                "wan_type": "broadband"
              },
              "ge-0/0/4": {
                "description": null,
                "disable_autoneg": false,
                "disabled": false,
                "dsl_type": "vdsl",
                "dsl_vci": 35,
                "dsl_vpi": 0,
                "duplex": "auto",
                "ip_config": {
                  "dns": null,
                  "dns_suffix": null,
                  "gateway": null,
                  "ip": null,
                  "netmask": null,
                  "network": null,
                  "poser_password": null,
                  "pppoe_auth": "none",
                  "pppoe_username": null,
                  "type": "dhcp"
                },
                "lte_apn": null,
                "lte_auth": "none",
                "lte_backup": null,
                "lte_password": null,
                "lte_username": null,
                "mtu": null,
                "name": "LTE",
                "networks": [],
                "outer_vlan_id": null,
                "poe_disabled": false,
                "port_network": null,
                "preserve_dscp": true,
                "redundant": false,
                "reth_idx": null,
                "reth_node": null,
                "reth_nodes": [],
                "speed": "auto",
                "ssr_no_virtual_mac": false,
                "svr_port_range": "none",
                "traffic_shaping": null,
                "usage": "wan",
                "vlan_id": null,
                "vpn_paths": {
                  "SSR_HUB_DC-MPLS.OrgOverlay": {
                    "bfd_profile": "broadband",
                    "bfd_use_tunnel_mode": false,
                    "preference": null,
                    "role": "spoke",
                    "traffic_shaping": null
                  }
                },
                "wan_arp_policer": "recommended",
                "wan_ext_ip": null,
                "wan_source_nat": {
                  "disabled": false,
                  "nat_pool": null
                },
                "wan_type": "broadband"
              },
              "ge-0/0/5": {
                "description": null,
                "disable_autoneg": false,
                "disabled": false,
                "dsl_type": "vdsl",
                "dsl_vci": 35,
                "dsl_vpi": 0,
                "duplex": "auto",
                "ip_config": null,
                "lte_apn": null,
                "lte_auth": "none",
                "lte_backup": null,
                "lte_password": null,
                "lte_username": null,
                "mtu": null,
                "name": null,
                "networks": [
                  "PRD-Core"
                ],
                "outer_vlan_id": null,
                "poe_disabled": false,
                "port_network": null,
                "preserve_dscp": true,
                "redundant": false,
                "reth_idx": null,
                "reth_node": null,
                "reth_nodes": [],
                "speed": "auto",
                "ssr_no_virtual_mac": false,
                "svr_port_range": "none",
                "traffic_shaping": null,
                "usage": "lan",
                "vlan_id": null,
                "vpn_paths": null,
                "wan_arp_policer": "recommended",
                "wan_ext_ip": null,
                "wan_source_nat": null,
                "wan_type": "broadband"
              },
              "ge-0/0/6": {
                "description": null,
                "disable_autoneg": false,
                "disabled": false,
                "dsl_type": "vdsl",
                "dsl_vci": 35,
                "dsl_vpi": 0,
                "duplex": "auto",
                "ip_config": null,
                "lte_apn": null,
                "lte_auth": "none",
                "lte_backup": null,
                "lte_password": null,
                "lte_username": null,
                "mtu": null,
                "name": null,
                "networks": [
                  "PRD-Lab"
                ],
                "outer_vlan_id": null,
                "poe_disabled": false,
                "port_network": null,
                "preserve_dscp": true,
                "redundant": false,
                "reth_idx": null,
                "reth_node": null,
                "reth_nodes": [],
                "speed": "auto",
                "ssr_no_virtual_mac": false,
                "svr_port_range": "none",
                "traffic_shaping": null,
                "usage": "lan",
                "vlan_id": null,
                "vpn_paths": null,
                "wan_arp_policer": "recommended",
                "wan_ext_ip": null,
                "wan_source_nat": null,
                "wan_type": "broadband"
              },
              "ge-0/0/7": {
                "description": null,
                "disable_autoneg": false,
                "disabled": false,
                "dsl_type": "vdsl",
                "dsl_vci": 35,
                "dsl_vpi": 0,
                "duplex": "auto",
                "ip_config": null,
                "lte_apn": null,
                "lte_auth": "none",
                "lte_backup": null,
                "lte_password": null,
                "lte_username": null,
                "mtu": null,
                "name": null,
                "networks": [
                  "PRD-Mgmt"
                ],
                "outer_vlan_id": null,
                "poe_disabled": false,
                "port_network": null,
                "preserve_dscp": true,
                "redundant": false,
                "reth_idx": null,
                "reth_node": null,
                "reth_nodes": [],
                "speed": "auto",
                "ssr_no_virtual_mac": false,
                "svr_port_range": "none",
                "traffic_shaping": null,
                "usage": "lan",
                "vlan_id": null,
                "vpn_paths": null,
                "wan_arp_policer": "recommended",
                "wan_ext_ip": null,
                "wan_source_nat": null,
                "wan_type": "broadband"
              }
            },
            "port_mirroring": null,
            "router_id": null,
            "routing_policies": null,
            "serial": "CW2720AF0433",
            "service_policies": [
              {
                "action": "allow",
                "appqoe": null,
                "ewf": null,
                "idp": {
                  "alert_only": false,
                  "enabled": true,
                  "idpprofile_id": null,
                  "profile": "critical"
                },
                "local_routing": false,
                "name": "Policy-14",
                "path_preferences": null,
                "servicepolicy_id": null,
                "services": [
                  "any"
                ],
                "tenants": [
                  "PRD-Core"
                ]
              },
              {
                "action": "allow",
                "appqoe": null,
                "ewf": null,
                "idp": {
                  "alert_only": true,
                  "enabled": true,
                  "idpprofile_id": null,
                  "profile": "standard"
                },
                "local_routing": false,
                "name": "Policy-2",
                "path_preferences": null,
                "servicepolicy_id": null,
                "services": [
                  "any"
                ],
                "tenants": [
                  "PRD-Mgmt"
                ]
              },
              {
                "action": "allow",
                "appqoe": null,
                "ewf": null,
                "idp": {
                  "alert_only": null,
                  "enabled": false,
                  "idpprofile_id": null,
                  "profile": "strict"
                },
                "local_routing": false,
                "name": "Policy-3",
                "path_preferences": null,
                "servicepolicy_id": null,
                "services": [
                  "any"
                ],
                "tenants": [
                  "PRD-Lab"
                ]
              }
            ],
            "site_id": "0791c009-f08d-4249-b104-097b396b1cb9",
            "tunnel_configs": null,
            "tunnel_provider_options": null,
            "type": "gateway",
            "vars": null,
            "x": null,
            "y": null
          },
          "sensitive_attributes": [
            [
              {
                "type": "get_attr",
                "value": "port_config"
              },
              {
                "type": "index",
                "value": {
                  "value": "ge-0/0/3",
                  "type": "string"
                }
              },
              {
                "type": "get_attr",
                "value": "lte_password"
              }
            ],
            [
              {
                "type": "get_attr",
                "value": "port_config"
              },
              {
                "type": "index",
                "value": {
                  "value": "ge-0/0/3",
                  "type": "string"
                }
              },
              {
                "type": "get_attr",
                "value": "ip_config"
              },
              {
                "type": "get_attr",
                "value": "poser_password"
              }
            ],
            [
              {
                "type": "get_attr",
                "value": "port_config"
              },
              {
                "type": "index",
                "value": {
                  "value": "ge-0/0/4",
                  "type": "string"
                }
              },
              {
                "type": "get_attr",
                "value": "lte_password"
              }
            ],
            [
              {
                "type": "get_attr",
                "value": "port_config"
              },
              {
                "type": "index",
                "value": {
                  "value": "ge-0/0/4",
                  "type": "string"
                }
              },
              {
                "type": "get_attr",
                "value": "ip_config"
              },
              {
                "type": "get_attr",
                "value": "poser_password"
              }
            ],
            [
              {
                "type": "get_attr",
                "value": "port_config"
              },
              {
                "type": "index",
                "value": {
                  "value": "ge-0/0/5",
                  "type": "string"
                }
              },
              {
                "type": "get_attr",
                "value": "lte_password"
              }
            ],
            [
              {
                "type": "get_attr",
                "value": "port_config"
              },
              {
                "type": "index",
                "value": {
                  "value": "ge-0/0/6",
                  "type": "string"
                }
              },
              {
                "type": "get_attr",
                "value": "lte_password"
              }
            ],
            [
              {
                "type": "get_attr",
                "value": "port_config"
              },
              {
                "type": "index",
                "value": {
                  "value": "ge-0/0/7",
                  "type": "string"
                }
              },
              {
                "type": "get_attr",
                "value": "lte_password"
              }
            ]
          ],
          "dependencies": [
            "mist_org.terraform_test",
            "mist_org_gatewaytemplate.test-api",
            "mist_org_inventory.inventory",
            "mist_org_networktemplate.switch_template",
            "mist_org_rftemplate.test_rf",
            "mist_org_sitegroup.test_group",
            "mist_org_sitegroup.test_group2",
            "mist_site.terraform_site"
          ]
        }
      ]
    },
    {
      "mode": "managed",
      "type": "mist_device_gateway_cluster",
      "name": "cluster_one",
      "provider": "provider[\"registry.terraform.io/juniper/mist\"]",
      "instances": [
        {
          "schema_version": 0,
          "attributes": {
            "device_id": "00000000-0000-0000-1000-4c96143de700",
            "nodes": [
              {
                "mac": "4c96143de700"
              },
              {
                "mac": "4c9614aae100"
              }
            ],
            "site_id": "b70bd41c-547a-4c6f-a0fc-73578276afcb"
          },
          "sensitive_attributes": [],
          "dependencies": [
            "mist_org.terraform_test",
            "mist_org_sitegroup.test_group",
            "mist_org_sitegroup.test_group2",
            "mist_site.terraform_site2"
          ]
        }
      ]
    },
    {
      "mode": "managed",
      "type": "mist_device_switch",
      "name": "test_switch",
      "provider": "provider[\"registry.terraform.io/juniper/mist\"]",
      "instances": [
        {
          "schema_version": 0,
          "attributes": {
            "acl_policies": null,
            "acl_tags": null,
            "additional_config_cmds": [
              "set groups top system proxy password \"$9$VpsgajHmFnCq.pBIEeK4aZUDin6Ctu136eW\"",
              "",
              "annotate system \" -- custom-auth -- Template level --\"",
              "delete apply-groups custom-auth",
              "delete groups custom-auth",
              "set groups custom-auth",
              "set groups custom-auth  system login user tmunzer class super-user",
              "set groups custom-auth  system login user tmunzer authentication ssh-rsa \"ssh-rsa AAAAB3NzaC1yc2EAAAADAQABAAACAQCxk1CXmrc/wNlzuelQoBgEdnA3Mq8r05UhXgBUwqFdcbwkEmgYnciQWXYeFdA+UwR3SWX4VtyeenQi/S9pSOjvoZQ5OYBWNqak+AWjXXzX7sO8cf59TSDDN2lybdH6kWbvRKYzMbfpZvwluYwQX7ftN/D4/iS7288i5knaMVklhDJGdcuh6Xlve6PueZ5ov2twPzpplPVdWOCqgaCMhvVplG3oNTvBpeJ6BCXzhgJdkFNinFehPnvUR6MRwdjD/MvS1r+yrggHGQzJ57VEDsw2qH8wRaUUn0+Nd5hMYO4vamfintlm5hEAW9+my6HKNzBmd/TMeLctKUOg/q4Bc9TfYB51HEghHZ1i3ClJ6nE/1M6Ev9B+YwBJpeRaieWHbOHWrmMKM5rnYpX+uShPobvHKC8Z5HU5UkAtWvRyXVqbeeVv7xlGDTKnm0UQtzv9UDR/BN3VSnh8JKGLeiPDRZ0oDdgqK1ijxXBCFKb6FXAUiORUQLtI/7dmV4YxK4oS+ZRU/uxCCNDx6R90o08RFDFpWNBPY1yj332T/6JnA7nzlAYdQ1s1hzgzamZoEZuO/a+NObV9gQbJC13ZtZEWKXSLHPvEsORc5nb7hN76RNI7yKnAWNy5Zj2aaPlTGofbdr9M8+Tez4wldmYB/k86M4lENv5fZRx9A6VmfXFDoSI33w== tmunzer@stag.one\"",
              "set apply-groups custom-auth"
            ],
            "device_id": "00000000-0000-0000-1000-2c21311c37b0",
            "deviceprofile_id": null,
            "dhcp_snooping": null,
            "dhcpd_config": {
              "config": null,
              "enabled": true
            },
            "disable_auto_config": false,
            "dns_servers": null,
            "dns_suffix": null,
            "evpn_config": null,
            "extra_routes": null,
            "extra_routes6": null,
            "image1_url": null,
            "image2_url": null,
            "image3_url": null,
            "ip_config": {
              "dns": [],
              "dns_suffix": [],
              "gateway": "10.3.18.11",
              "ip": "10.3.18.99",
              "netmask": "255.255.255.0",
              "network": "prx",
              "type": "static"
            },
            "mac": "2c21311c37b0",
            "managed": true,
            "map_id": null,
            "mist_nac": {
              "enabled": true,
              "network": null
            },
            "model": "EX2300-C-12P",
            "name": "demo-ex",
            "networks": {
              "prx": {
                "isolation": false,
                "isolation_vlan_id": null,
                "subnet": null,
                "vlan_id": 18
              }
            },
            "notes": null,
            "ntp_servers": null,
            "oob_ip_config": {
              "gateway": "2.2.2.1",
              "ip": "2.2.2.2",
              "netmask": "/24",
              "network": null,
              "type": "static",
              "use_mgmt_vrf": true,
              "use_mgmt_vrf_for_host_out": true
            },
            "org_id": "992bf4b9-c900-4850-9992-107b2f9df928",
            "ospf_config": {
              "areas": {
                "0": {
                  "no_summary": false
                }
              },
              "enabled": true,
              "reference_bandwidth": "10M"
            },
            "other_ip_configs": null,
            "port_config": {
              "ge-0/0/0": {
                "ae_disable_lacp": null,
                "ae_idx": null,
                "ae_lacp_slow": true,
                "aggregated": false,
                "critical": false,
                "description": "",
                "disable_autoneg": false,
                "duplex": "auto",
                "dynamic_usage": null,
                "esilag": null,
                "mtu": 1514,
                "no_local_overwrite": true,
                "poe_disabled": false,
                "speed": "auto",
                "usage": "prx"
              },
              "ge-0/0/10": {
                "ae_disable_lacp": null,
                "ae_idx": null,
                "ae_lacp_slow": true,
                "aggregated": false,
                "critical": null,
                "description": null,
                "disable_autoneg": false,
                "duplex": "auto",
                "dynamic_usage": null,
                "esilag": null,
                "mtu": 1514,
                "no_local_overwrite": false,
                "poe_disabled": false,
                "speed": "100m",
                "usage": "autogenerated_ge-0_0_10"
              },
              "ge-0/0/11": {
                "ae_disable_lacp": null,
                "ae_idx": null,
                "ae_lacp_slow": true,
                "aggregated": false,
                "critical": false,
                "description": "",
                "disable_autoneg": false,
                "duplex": "auto",
                "dynamic_usage": null,
                "esilag": null,
                "mtu": 1514,
                "no_local_overwrite": false,
                "poe_disabled": false,
                "speed": "auto",
                "usage": "default"
              }
            },
            "port_mirroring": {
              "test": {
                "input_networks_ingress": [
                  "default"
                ],
                "input_port_ids_egress": [
                  "ge-0/0/2"
                ],
                "input_port_ids_ingress": [
                  "ge-0/0/2"
                ],
                "output_network": null,
                "output_port_id": "ge-0/0/10"
              },
              "test2": {
                "input_networks_ingress": [],
                "input_port_ids_egress": [
                  "ge-0/0/6"
                ],
                "input_port_ids_ingress": [],
                "output_network": "prx",
                "output_port_id": null
              }
            },
            "port_usages": {
              "autogenerated_ge-0_0_10": {
                "all_networks": false,
                "allow_dhcpd": null,
                "allow_multiple_supplicants": false,
                "bypass_auth_when_server_down": false,
                "bypass_auth_when_server_down_for_unkonwn_client": false,
                "description": null,
                "disable_autoneg": false,
                "disabled": false,
                "duplex": "auto",
                "dynamic_vlan_networks": [],
                "enable_mac_auth": false,
                "enable_qos": false,
                "guest_network": null,
                "inter_switch_link": false,
                "mac_auth_only": null,
                "mac_auth_protocol": "eap-md5",
                "mac_limit": 0,
                "mode": "trunk",
                "mtu": null,
                "networks": [
                  "default",
                  "prx"
                ],
                "persist_mac": false,
                "poe_disabled": false,
                "port_auth": null,
                "port_network": "prx",
                "reauth_interval": 3600,
                "rejected_network": null,
                "reset_default_when": "link_down",
                "rules": null,
                "speed": "auto",
                "storm_control": null,
                "stp_edge": false,
                "voip_network": null
              },
              "autogenerated_ge-0_0_11": {
                "all_networks": false,
                "allow_dhcpd": null,
                "allow_multiple_supplicants": false,
                "bypass_auth_when_server_down": false,
                "bypass_auth_when_server_down_for_unkonwn_client": false,
                "description": null,
                "disable_autoneg": false,
                "disabled": false,
                "duplex": "auto",
                "dynamic_vlan_networks": [],
                "enable_mac_auth": false,
                "enable_qos": false,
                "guest_network": null,
                "inter_switch_link": false,
                "mac_auth_only": null,
                "mac_auth_protocol": "eap-md5",
                "mac_limit": 0,
                "mode": "trunk",
                "mtu": null,
                "networks": [
                  "default",
                  "prx"
                ],
                "persist_mac": false,
                "poe_disabled": false,
                "port_auth": null,
                "port_network": "prx",
                "reauth_interval": 3600,
                "rejected_network": null,
                "reset_default_when": "link_down",
                "rules": null,
                "speed": "auto",
                "storm_control": null,
                "stp_edge": false,
                "voip_network": null
              },
              "prx": {
                "all_networks": false,
                "allow_dhcpd": null,
                "allow_multiple_supplicants": false,
                "bypass_auth_when_server_down": false,
                "bypass_auth_when_server_down_for_unkonwn_client": false,
                "description": "",
                "disable_autoneg": false,
                "disabled": false,
                "duplex": "auto",
                "dynamic_vlan_networks": [],
                "enable_mac_auth": false,
                "enable_qos": false,
                "guest_network": null,
                "inter_switch_link": false,
                "mac_auth_only": null,
                "mac_auth_protocol": "eap-md5",
                "mac_limit": 0,
                "mode": "trunk",
                "mtu": null,
                "networks": [
                  "default",
                  "prx"
                ],
                "persist_mac": false,
                "poe_disabled": false,
                "port_auth": null,
                "port_network": "default",
                "reauth_interval": 3600,
                "rejected_network": null,
                "reset_default_when": "link_down",
                "rules": null,
                "speed": "auto",
                "storm_control": {
                  "no_broadcast": false,
                  "no_multicast": false,
                  "no_registered_multicast": false,
                  "no_unknown_unicast": false,
                  "percentage": 80
                },
                "stp_edge": false,
                "voip_network": null
              }
            },
            "radius_config": null,
            "remote_syslog": null,
            "role": "test",
            "router_id": "1.2.3.4",
            "serial": "HV0216410081",
            "site_id": "0791c009-f08d-4249-b104-097b396b1cb9",
            "snmp_config": null,
            "stp_config": null,
            "switch_mgmt": null,
            "type": "switch",
            "use_router_id_as_source_ip": false,
            "vars": null,
            "virtual_chassis": null,
            "vrf_config": {
              "enabled": true
            },
            "vrf_instances": {
              "fds": {
                "networks": [
                  "prx"
                ],
                "vrf_extra_routes": null
              }
            },
            "vrrp_config": null,
            "x": null,
            "y": null
          },
          "sensitive_attributes": [],
          "dependencies": [
            "mist_org.terraform_test",
            "mist_org_gatewaytemplate.test-api",
            "mist_org_inventory.inventory",
            "mist_org_networktemplate.switch_template",
            "mist_org_rftemplate.test_rf",
            "mist_org_sitegroup.test_group",
            "mist_org_sitegroup.test_group2",
            "mist_site.terraform_site"
          ]
        }
      ]
    },
    {
      "mode": "managed",
      "type": "mist_org",
      "name": "terraform_test",
      "provider": "provider[\"registry.terraform.io/juniper/mist\"]",
      "instances": [
        {
          "schema_version": 0,
          "attributes": {
            "alarmtemplate_id": null,
            "allow_mist": true,
            "id": "992bf4b9-c900-4850-9992-107b2f9df928",
            "msp_id": null,
            "msp_logo_url": null,
            "msp_name": null,
            "name": "Terraform Testing",
            "orggroup_ids": [],
            "session_expiry": 1440
          },
          "sensitive_attributes": []
        }
      ]
    },
    {
      "mode": "managed",
      "type": "mist_org_gatewaytemplate",
      "name": "sdwan-westford",
      "provider": "provider[\"registry.terraform.io/juniper/mist\"]",
      "instances": [
        {
          "schema_version": 0,
          "attributes": {
            "additional_config_cmds": null,
            "bgp_config": {
              "bgp-group1": {
                "auth_key": null,
                "bfd_minimum_interval": 350,
                "bfd_multiplier": 3,
                "communities": null,
                "disable_bfd": false,
                "export": null,
                "export_policy": null,
                "extended_v4_nexthop": null,
                "graceful_restart_time": 0,
                "hold_time": 90,
                "import": null,
                "import_policy": "ibgp-hub-preference",
                "local_as": null,
                "neighbor_as": null,
                "neighbors": null,
                "networks": [],
                "no_readvertise_to_overlay": false,
                "type": null,
                "via": "vpn",
                "vpn_name": "OrgOverlay",
                "wan_name": null
              }
            },
            "dhcpd_config": {
              "config": {
                "corp_network": {
                  "dns_servers": [
                    "8.8.8.8",
                    "1.1.1.1"
                  ],
                  "dns_suffix": [],
                  "fixed_bindings": null,
                  "gateway": "{{corp_ip}}",
                  "ip_end": "{{corp_dhcp_end}}",
                  "ip_end6": null,
                  "ip_start": "{{corp_dhcp_start}}",
                  "ip_start6": null,
                  "lease_time": 86400,
                  "options": {},
                  "server_id_override": false,
                  "servers": [],
                  "servers6": [],
                  "type": "local",
                  "type6": "none",
                  "vendor_encapulated": null
                }
              },
              "enabled": true
            },
            "dns_override": true,
            "dns_servers": [
              "8.8.8.8"
            ],
            "dns_suffix": null,
            "extra_routes": null,
            "id": "d3a3c49f-ce46-4874-beb7-b6346f3a7ce1",
            "idp_profiles": null,
            "ip_configs": {
              "corp_network": {
                "ip": "{{corp_ip}}",
                "netmask": "/{{corp_CIDR}}",
                "secondary_ips": [],
                "type": "static"
              }
            },
            "name": "sdwan-westford",
            "networks": null,
            "ntp_override": true,
            "ntp_servers": [
              "pool.ntp.org"
            ],
            "oob_ip_config": null,
            "org_id": "992bf4b9-c900-4850-9992-107b2f9df928",
            "path_preferences": {
              "broadband-overlay": {
                "paths": [
                  {
                    "cost": null,
                    "disabled": null,
                    "gateway_ip": null,
                    "internet_access": false,
                    "name": "sdwan_newyork_hub-external1.OrgOverlay",
                    "networks": [],
                    "target_ips": [],
                    "type": "vpn",
                    "wan_name": null
                  }
                ],
                "strategy": "ordered"
              },
              "internet-breakout": {
                "paths": [
                  {
                    "cost": null,
                    "disabled": null,
                    "gateway_ip": null,
                    "internet_access": false,
                    "name": "wan1-broadband",
                    "networks": [],
                    "target_ips": [],
                    "type": "wan",
                    "wan_name": null
                  }
                ],
                "strategy": "ordered"
              },
              "to-corp-lan": {
                "paths": [
                  {
                    "cost": null,
                    "disabled": null,
                    "gateway_ip": null,
                    "internet_access": false,
                    "name": null,
                    "networks": [
                      "corp_network"
                    ],
                    "target_ips": [],
                    "type": "local",
                    "wan_name": null
                  }
                ],
                "strategy": "ordered"
              }
            },
            "port_config": {
              "ge-0/0/1": {
                "description": null,
                "disable_autoneg": false,
                "disabled": false,
                "dsl_type": "vdsl",
                "dsl_vci": 35,
                "dsl_vpi": 0,
                "duplex": "auto",
                "ip_config": {
                  "dns": null,
                  "dns_suffix": null,
                  "gateway": "{{broadband_gw_var}}",
                  "ip": "{{broadband_ip_var}}",
                  "netmask": "/{{broadband_prefix_var}}",
                  "network": null,
                  "poser_password": null,
                  "pppoe_auth": "none",
                  "pppoe_username": null,
                  "type": "static"
                },
                "lte_apn": null,
                "lte_auth": "none",
                "lte_backup": null,
                "lte_password": null,
                "lte_username": null,
                "mtu": null,
                "name": "wan1-broadband",
                "networks": [],
                "outer_vlan_id": null,
                "poe_disabled": false,
                "port_network": null,
                "preserve_dscp": true,
                "redundant": false,
                "reth_idx": null,
                "reth_node": null,
                "reth_nodes": [],
                "speed": "auto",
                "ssr_no_virtual_mac": false,
                "svr_port_range": "none",
                "traffic_shaping": null,
                "usage": "wan",
                "vlan_id": null,
                "vpn_paths": {
                  "sdwan_newyork_hub-external1.OrgOverlay": {
                    "bfd_profile": "broadband",
                    "bfd_use_tunnel_mode": false,
                    "preference": null,
                    "role": "spoke",
                    "traffic_shaping": null
                  }
                },
                "wan_arp_policer": "recommended",
                "wan_ext_ip": null,
                "wan_source_nat": {
                  "disabled": false,
                  "nat_pool": null
                },
                "wan_type": "broadband"
              },
              "ge-0/0/3": {
                "description": null,
                "disable_autoneg": false,
                "disabled": false,
                "dsl_type": "vdsl",
                "dsl_vci": 35,
                "dsl_vpi": 0,
                "duplex": "auto",
                "ip_config": null,
                "lte_apn": null,
                "lte_auth": "none",
                "lte_backup": null,
                "lte_password": null,
                "lte_username": null,
                "mtu": null,
                "name": null,
                "networks": [
                  "corp_network"
                ],
                "outer_vlan_id": null,
                "poe_disabled": false,
                "port_network": null,
                "preserve_dscp": true,
                "redundant": false,
                "reth_idx": null,
                "reth_node": null,
                "reth_nodes": [],
                "speed": "auto",
                "ssr_no_virtual_mac": false,
                "svr_port_range": "none",
                "traffic_shaping": null,
                "usage": "lan",
                "vlan_id": null,
                "vpn_paths": null,
                "wan_arp_policer": "recommended",
                "wan_ext_ip": null,
                "wan_source_nat": null,
                "wan_type": "broadband"
              }
            },
            "router_id": null,
            "routing_policies": {
              "ibgp-hub-preference": {
                "terms": [
                  {
                    "action": null,
                    "matching": {
                      "as_path": null,
                      "community": null,
                      "network": null,
                      "prefix": [
                        "172.76.128.0/24",
                        "172.36.128.0/24",
                        "192.168.94.0/24",
                        "192.168.93.0/24",
                        "192.168.92.0/24",
                        "192.168.95.0/24",
                        "192.168.91.0/24",
                        "172.46.128.0/24",
                        "172.66.128.0/24",
                        "172.56.128.0/24",
                        "24.0.0.0/29",
                        "192.168.90.0/24",
                        "192.168.97.0/24",
                        "192.168.98.0/24",
                        "192.168.94.0/24"
                      ],
                      "protocol": [
                        "bgp"
                      ],
                      "route_exists": null,
                      "vpn_neighbor_mac": null,
                      "vpn_path": [
                        "NewYork-newyork-broadband1.OrgOverlay",
                        "NewYork-newyork-broadband1-lte.OrgOverlay",
                        "SanFrancisco-sanfran-broadband1.OrgOverlay"
                      ],
                      "vpn_path_sla": null
                    }
                  }
                ]
              }
            },
            "service_policies": [
              {
                "action": "allow",
                "appqoe": null,
                "ewf": null,
                "idp": {
                  "alert_only": null,
                  "enabled": false,
                  "idpprofile_id": null,
                  "profile": "strict"
                },
                "local_routing": false,
                "name": "inbound-hub-to-corp-net",
                "path_preferences": null,
                "servicepolicy_id": null,
                "services": [
                  "spoke-corp-network"
                ],
                "tenants": [
                  "corp_datacenter1",
                  "corp_datacenter2",
                  "core_dc2_network",
                  "mgmt_datacenter1",
                  "mgmt_datacenter2"
                ]
              },
              {
                "action": "allow",
                "appqoe": null,
                "ewf": null,
                "idp": {
                  "alert_only": null,
                  "enabled": false,
                  "idpprofile_id": null,
                  "profile": "strict"
                },
                "local_routing": false,
                "name": "inbound-remote-spoke-to-corp-net",
                "path_preferences": null,
                "servicepolicy_id": null,
                "services": [
                  "spoke-corp-network"
                ],
                "tenants": [
                  "corp_network",
                  "mgmt_network"
                ]
              },
              {
                "action": "allow",
                "appqoe": null,
                "ewf": null,
                "idp": {
                  "alert_only": null,
                  "enabled": false,
                  "idpprofile_id": null,
                  "profile": "strict"
                },
                "local_routing": false,
                "name": "outbound-to-hub-workloads",
                "path_preferences": null,
                "servicepolicy_id": null,
                "services": [
                  "datacenter1-mgmt-network",
                  "datacenter1-workloads",
                  "datacenter2-lan",
                  "datacenter2-mgmt-network",
                  "datacenter2-workloads"
                ],
                "tenants": [
                  "corp_network"
                ]
              },
              {
                "action": "allow",
                "appqoe": null,
                "ewf": null,
                "idp": {
                  "alert_only": null,
                  "enabled": false,
                  "idpprofile_id": null,
                  "profile": "strict"
                },
                "local_routing": false,
                "name": "outbound-corp-internet",
                "path_preferences": null,
                "servicepolicy_id": null,
                "services": [
                  "corp-internet"
                ],
                "tenants": [
                  "corp_network"
                ]
              },
              {
                "action": "allow",
                "appqoe": null,
                "ewf": null,
                "idp": {
                  "alert_only": null,
                  "enabled": false,
                  "idpprofile_id": null,
                  "profile": "strict"
                },
                "local_routing": false,
                "name": "application-test",
                "path_preferences": null,
                "servicepolicy_id": null,
                "services": [
                  "youtube"
                ],
                "tenants": [
                  "corp_network"
                ]
              },
              {
                "action": "deny",
                "appqoe": null,
                "ewf": null,
                "idp": {
                  "alert_only": null,
                  "enabled": false,
                  "idpprofile_id": null,
                  "profile": "strict"
                },
                "local_routing": true,
                "name": "url-filtering",
                "path_preferences": null,
                "servicepolicy_id": null,
                "services": [
                  "blocked-categories"
                ],
                "tenants": [
                  "corp_network"
                ]
              }
            ],
            "tunnel_configs": null,
            "tunnel_provider_options": null,
            "type": "spoke"
          },
          "sensitive_attributes": [
            [
              {
                "type": "get_attr",
                "value": "port_config"
              },
              {
                "type": "index",
                "value": {
                  "value": "ge-0/0/1",
                  "type": "string"
                }
              },
              {
                "type": "get_attr",
                "value": "ip_config"
              },
              {
                "type": "get_attr",
                "value": "poser_password"
              }
            ],
            [
              {
                "type": "get_attr",
                "value": "port_config"
              },
              {
                "type": "index",
                "value": {
                  "value": "ge-0/0/1",
                  "type": "string"
                }
              },
              {
                "type": "get_attr",
                "value": "lte_password"
              }
            ],
            [
              {
                "type": "get_attr",
                "value": "port_config"
              },
              {
                "type": "index",
                "value": {
                  "value": "ge-0/0/3",
                  "type": "string"
                }
              },
              {
                "type": "get_attr",
                "value": "lte_password"
              }
            ]
          ],
          "dependencies": [
            "mist_org.terraform_test"
          ]
        }
      ]
    },
    {
      "mode": "managed",
      "type": "mist_org_gatewaytemplate",
      "name": "test-api",
      "provider": "provider[\"registry.terraform.io/juniper/mist\"]",
      "instances": [
        {
          "schema_version": 0,
          "attributes": {
            "additional_config_cmds": null,
            "bgp_config": null,
            "dhcpd_config": {
              "config": null,
              "enabled": false
            },
            "dns_override": false,
            "dns_servers": null,
            "dns_suffix": null,
            "extra_routes": null,
            "id": "11a3ded8-75f6-4d2f-81a1-04361b50d8c1",
            "idp_profiles": null,
            "ip_configs": {
              "PRD-Core": {
                "ip": "10.3.100.9",
                "netmask": "/24",
                "secondary_ips": [],
                "type": "static"
              },
              "PRD-Lab": {
                "ip": "10.3.171.1",
                "netmask": "/24",
                "secondary_ips": [],
                "type": "static"
              },
              "PRD-Mgmt": {
                "ip": "10.3.172.1",
                "netmask": "/24",
                "secondary_ips": [],
                "type": "static"
              }
            },
            "name": "test-api",
            "networks": null,
            "ntp_override": false,
            "ntp_servers": null,
            "oob_ip_config": null,
            "org_id": "992bf4b9-c900-4850-9992-107b2f9df928",
            "path_preferences": {
              "HUB": {
                "paths": [
                  {
                    "cost": null,
                    "disabled": null,
                    "gateway_ip": null,
                    "internet_access": false,
                    "name": "SSR_HUB_DC-MPLS.OrgOverlay",
                    "networks": [],
                    "target_ips": [],
                    "type": "vpn",
                    "wan_name": null
                  }
                ],
                "strategy": "ordered"
              },
              "HUB-ECMP": {
                "paths": [
                  {
                    "cost": 30,
                    "disabled": null,
                    "gateway_ip": null,
                    "internet_access": false,
                    "name": "SSR_HUB_DC-MPLS.OrgOverlay",
                    "networks": [],
                    "target_ips": [],
                    "type": "vpn",
                    "wan_name": "LTE"
                  },
                  {
                    "cost": 30,
                    "disabled": null,
                    "gateway_ip": null,
                    "internet_access": false,
                    "name": "SSR_HUB_DC-MPLS.OrgOverlay",
                    "networks": [],
                    "target_ips": [],
                    "type": "vpn",
                    "wan_name": "FTTH"
                  }
                ],
                "strategy": "weighted"
              },
              "HUB-ORDERED": {
                "paths": [
                  {
                    "cost": null,
                    "disabled": null,
                    "gateway_ip": null,
                    "internet_access": false,
                    "name": "SSR_HUB_DC-MPLS.OrgOverlay",
                    "networks": [],
                    "target_ips": [],
                    "type": "vpn",
                    "wan_name": "FTTH"
                  },
                  {
                    "cost": null,
                    "disabled": null,
                    "gateway_ip": null,
                    "internet_access": false,
                    "name": "SSR_HUB_DC-MPLS.OrgOverlay",
                    "networks": [],
                    "target_ips": [],
                    "type": "vpn",
                    "wan_name": "LTE"
                  }
                ],
                "strategy": "ordered"
              }
            },
            "port_config": {
              "ge-0/0/3": {
                "description": null,
                "disable_autoneg": false,
                "disabled": false,
                "dsl_type": "vdsl",
                "dsl_vci": 35,
                "dsl_vpi": 0,
                "duplex": "auto",
                "ip_config": {
                  "dns": null,
                  "dns_suffix": null,
                  "gateway": "192.168.1.1",
                  "ip": "192.168.1.8",
                  "netmask": "/24",
                  "network": null,
                  "poser_password": null,
                  "pppoe_auth": "none",
                  "pppoe_username": null,
                  "type": "static"
                },
                "lte_apn": null,
                "lte_auth": "none",
                "lte_backup": null,
                "lte_password": null,
                "lte_username": null,
                "mtu": null,
                "name": "FTTH",
                "networks": [],
                "outer_vlan_id": null,
                "poe_disabled": false,
                "port_network": null,
                "preserve_dscp": true,
                "redundant": false,
                "reth_idx": null,
                "reth_node": null,
                "reth_nodes": [],
                "speed": "auto",
                "ssr_no_virtual_mac": false,
                "svr_port_range": "none",
                "traffic_shaping": null,
                "usage": "wan",
                "vlan_id": null,
                "vpn_paths": {
                  "SSR_HUB_DC-MPLS.OrgOverlay": {
                    "bfd_profile": "broadband",
                    "bfd_use_tunnel_mode": false,
                    "preference": null,
                    "role": "spoke",
                    "traffic_shaping": null
                  }
                },
                "wan_arp_policer": "recommended",
                "wan_ext_ip": null,
                "wan_source_nat": {
                  "disabled": false,
                  "nat_pool": null
                },
                "wan_type": "broadband"
              },
              "ge-0/0/4": {
                "description": null,
                "disable_autoneg": false,
                "disabled": false,
                "dsl_type": "vdsl",
                "dsl_vci": 35,
                "dsl_vpi": 0,
                "duplex": "auto",
                "ip_config": {
                  "dns": null,
                  "dns_suffix": null,
                  "gateway": null,
                  "ip": null,
                  "netmask": null,
                  "network": null,
                  "poser_password": null,
                  "pppoe_auth": "none",
                  "pppoe_username": null,
                  "type": "dhcp"
                },
                "lte_apn": null,
                "lte_auth": "none",
                "lte_backup": null,
                "lte_password": null,
                "lte_username": null,
                "mtu": null,
                "name": "LTE",
                "networks": [],
                "outer_vlan_id": null,
                "poe_disabled": false,
                "port_network": null,
                "preserve_dscp": true,
                "redundant": false,
                "reth_idx": null,
                "reth_node": null,
                "reth_nodes": [],
                "speed": "auto",
                "ssr_no_virtual_mac": false,
                "svr_port_range": "none",
                "traffic_shaping": null,
                "usage": "wan",
                "vlan_id": null,
                "vpn_paths": {
                  "SSR_HUB_DC-MPLS.OrgOverlay": {
                    "bfd_profile": "broadband",
                    "bfd_use_tunnel_mode": false,
                    "preference": null,
                    "role": "spoke",
                    "traffic_shaping": null
                  }
                },
                "wan_arp_policer": "recommended",
                "wan_ext_ip": null,
                "wan_source_nat": {
                  "disabled": false,
                  "nat_pool": null
                },
                "wan_type": "broadband"
              },
              "ge-0/0/5": {
                "description": null,
                "disable_autoneg": false,
                "disabled": false,
                "dsl_type": "vdsl",
                "dsl_vci": 35,
                "dsl_vpi": 0,
                "duplex": "auto",
                "ip_config": null,
                "lte_apn": null,
                "lte_auth": "none",
                "lte_backup": null,
                "lte_password": null,
                "lte_username": null,
                "mtu": null,
                "name": null,
                "networks": [
                  "PRD-Core"
                ],
                "outer_vlan_id": null,
                "poe_disabled": false,
                "port_network": null,
                "preserve_dscp": true,
                "redundant": false,
                "reth_idx": null,
                "reth_node": null,
                "reth_nodes": [],
                "speed": "auto",
                "ssr_no_virtual_mac": false,
                "svr_port_range": "none",
                "traffic_shaping": null,
                "usage": "lan",
                "vlan_id": null,
                "vpn_paths": null,
                "wan_arp_policer": "recommended",
                "wan_ext_ip": null,
                "wan_source_nat": null,
                "wan_type": "broadband"
              },
              "ge-0/0/6": {
                "description": null,
                "disable_autoneg": false,
                "disabled": false,
                "dsl_type": "vdsl",
                "dsl_vci": 35,
                "dsl_vpi": 0,
                "duplex": "auto",
                "ip_config": null,
                "lte_apn": null,
                "lte_auth": "none",
                "lte_backup": null,
                "lte_password": null,
                "lte_username": null,
                "mtu": null,
                "name": null,
                "networks": [
                  "PRD-Lab"
                ],
                "outer_vlan_id": null,
                "poe_disabled": false,
                "port_network": null,
                "preserve_dscp": true,
                "redundant": false,
                "reth_idx": null,
                "reth_node": null,
                "reth_nodes": [],
                "speed": "auto",
                "ssr_no_virtual_mac": false,
                "svr_port_range": "none",
                "traffic_shaping": null,
                "usage": "lan",
                "vlan_id": null,
                "vpn_paths": null,
                "wan_arp_policer": "recommended",
                "wan_ext_ip": null,
                "wan_source_nat": null,
                "wan_type": "broadband"
              },
              "ge-0/0/7": {
                "description": null,
                "disable_autoneg": false,
                "disabled": false,
                "dsl_type": "vdsl",
                "dsl_vci": 35,
                "dsl_vpi": 0,
                "duplex": "auto",
                "ip_config": null,
                "lte_apn": null,
                "lte_auth": "none",
                "lte_backup": null,
                "lte_password": null,
                "lte_username": null,
                "mtu": null,
                "name": null,
                "networks": [
                  "PRD-Mgmt"
                ],
                "outer_vlan_id": null,
                "poe_disabled": false,
                "port_network": null,
                "preserve_dscp": true,
                "redundant": false,
                "reth_idx": null,
                "reth_node": null,
                "reth_nodes": [],
                "speed": "auto",
                "ssr_no_virtual_mac": false,
                "svr_port_range": "none",
                "traffic_shaping": null,
                "usage": "lan",
                "vlan_id": null,
                "vpn_paths": null,
                "wan_arp_policer": "recommended",
                "wan_ext_ip": null,
                "wan_source_nat": null,
                "wan_type": "broadband"
              }
            },
            "router_id": null,
            "routing_policies": null,
            "service_policies": [
              {
                "action": "allow",
                "appqoe": null,
                "ewf": null,
                "idp": {
                  "alert_only": false,
                  "enabled": true,
                  "idpprofile_id": null,
                  "profile": "critical"
                },
                "local_routing": false,
                "name": "Policy-14",
                "path_preferences": null,
                "servicepolicy_id": null,
                "services": [
                  "any"
                ],
                "tenants": [
                  "PRD-Core"
                ]
              },
              {
                "action": "allow",
                "appqoe": null,
                "ewf": null,
                "idp": {
                  "alert_only": true,
                  "enabled": true,
                  "idpprofile_id": null,
                  "profile": "standard"
                },
                "local_routing": false,
                "name": "Policy-2",
                "path_preferences": null,
                "servicepolicy_id": null,
                "services": [
                  "any"
                ],
                "tenants": [
                  "PRD-Mgmt"
                ]
              },
              {
                "action": "allow",
                "appqoe": null,
                "ewf": null,
                "idp": {
                  "alert_only": null,
                  "enabled": false,
                  "idpprofile_id": null,
                  "profile": "strict"
                },
                "local_routing": false,
                "name": "Policy-3",
                "path_preferences": null,
                "servicepolicy_id": null,
                "services": [
                  "any"
                ],
                "tenants": [
                  "PRD-Lab"
                ]
              }
            ],
            "tunnel_configs": null,
            "tunnel_provider_options": null,
            "type": "spoke"
          },
          "sensitive_attributes": [
            [
              {
                "type": "get_attr",
                "value": "port_config"
              },
              {
                "type": "index",
                "value": {
                  "value": "ge-0/0/3",
                  "type": "string"
                }
              },
              {
                "type": "get_attr",
                "value": "ip_config"
              },
              {
                "type": "get_attr",
                "value": "poser_password"
              }
            ],
            [
              {
                "type": "get_attr",
                "value": "port_config"
              },
              {
                "type": "index",
                "value": {
                  "value": "ge-0/0/3",
                  "type": "string"
                }
              },
              {
                "type": "get_attr",
                "value": "lte_password"
              }
            ],
            [
              {
                "type": "get_attr",
                "value": "port_config"
              },
              {
                "type": "index",
                "value": {
                  "value": "ge-0/0/4",
                  "type": "string"
                }
              },
              {
                "type": "get_attr",
                "value": "ip_config"
              },
              {
                "type": "get_attr",
                "value": "poser_password"
              }
            ],
            [
              {
                "type": "get_attr",
                "value": "port_config"
              },
              {
                "type": "index",
                "value": {
                  "value": "ge-0/0/4",
                  "type": "string"
                }
              },
              {
                "type": "get_attr",
                "value": "lte_password"
              }
            ],
            [
              {
                "type": "get_attr",
                "value": "port_config"
              },
              {
                "type": "index",
                "value": {
                  "value": "ge-0/0/5",
                  "type": "string"
                }
              },
              {
                "type": "get_attr",
                "value": "lte_password"
              }
            ],
            [
              {
                "type": "get_attr",
                "value": "port_config"
              },
              {
                "type": "index",
                "value": {
                  "value": "ge-0/0/6",
                  "type": "string"
                }
              },
              {
                "type": "get_attr",
                "value": "lte_password"
              }
            ],
            [
              {
                "type": "get_attr",
                "value": "port_config"
              },
              {
                "type": "index",
                "value": {
                  "value": "ge-0/0/7",
                  "type": "string"
                }
              },
              {
                "type": "get_attr",
                "value": "lte_password"
              }
            ]
          ],
          "dependencies": [
            "mist_org.terraform_test"
          ]
        }
      ]
    },
    {
      "mode": "managed",
      "type": "mist_org_inventory",
      "name": "inventory",
      "provider": "provider[\"registry.terraform.io/juniper/mist\"]",
      "instances": [
        {
          "schema_version": 0,
          "attributes": {
            "devices": [
              {
                "claim_code": "CPKL2EXN8JY98AC",
                "hostname": null,
                "id": "00000000-0000-0000-1000-003e7316ff9e",
                "mac": "003e7316ff9e",
                "model": "AP24",
                "org_id": "992bf4b9-c900-4850-9992-107b2f9df928",
                "serial": "A192923060671",
                "site_id": "0791c009-f08d-4249-b104-097b396b1cb9",
                "type": "ap",
                "vc_mac": null
              },
              {
                "claim_code": "G87JHBFXZJSFNMX",
                "hostname": null,
                "id": "00000000-0000-0000-1000-2c21311c37b0",
                "mac": "2c21311c37b0",
                "model": "EX2300-C-12P",
                "org_id": "992bf4b9-c900-4850-9992-107b2f9df928",
                "serial": "HV0216410081",
                "site_id": "0791c009-f08d-4249-b104-097b396b1cb9",
                "type": "switch",
                "vc_mac": null
              },
              {
                "claim_code": "CV4YAS8DQWYLL6M",
                "hostname": null,
                "id": "00000000-0000-0000-1000-e8a24550e732",
                "mac": "e8a24550e732",
                "model": "SRX320",
                "org_id": "992bf4b9-c900-4850-9992-107b2f9df928",
                "serial": "CW2720AF0433",
                "site_id": "0791c009-f08d-4249-b104-097b396b1cb9",
                "type": "gateway",
                "vc_mac": null
              }
            ],
            "org_id": "992bf4b9-c900-4850-9992-107b2f9df928"
          },
          "sensitive_attributes": [],
          "dependencies": [
            "mist_org.terraform_test",
            "mist_org_gatewaytemplate.test-api",
            "mist_org_networktemplate.switch_template",
            "mist_org_rftemplate.test_rf",
            "mist_org_sitegroup.test_group",
            "mist_org_sitegroup.test_group2",
            "mist_site.terraform_site"
          ]
        }
      ]
    },
    {
      "mode": "managed",
      "type": "mist_org_network",
      "name": "corp",
      "provider": "provider[\"registry.terraform.io/juniper/mist\"]",
      "instances": [
        {
          "schema_version": 0,
          "attributes": {
            "disallow_mist_services": false,
            "gateway": null,
            "gateway6": null,
            "id": "d64e9016-2461-438e-ab77-a416058d1b21",
            "internal_access": null,
            "internet_access": null,
            "isolation": null,
            "name": "prd_corp",
            "org_id": "992bf4b9-c900-4850-9992-107b2f9df928",
            "routed_for_networks": null,
            "subnet": "10.4.0.0/24",
            "subnet6": null,
            "tenants": null,
            "vlan_id": null,
            "vpn_access": null
          },
          "sensitive_attributes": [],
          "dependencies": [
            "mist_org.terraform_test"
          ]
        }
      ]
    },
    {
      "mode": "managed",
      "type": "mist_org_network",
      "name": "dmz",
      "provider": "provider[\"registry.terraform.io/juniper/mist\"]",
      "instances": [
        {
          "schema_version": 0,
          "attributes": {
            "disallow_mist_services": true,
            "gateway": null,
            "gateway6": null,
            "id": "1081ce44-a6ca-45ff-a7e7-4e573c76d261",
            "internal_access": null,
            "internet_access": {
              "create_simple_service_policy": false,
              "destination_nat": {
                "192.168.1.9:5431": {
                  "internal_ip": "10.3.3.3",
                  "name": "aws-wg",
                  "port": 51820
                }
              },
              "enabled": null,
              "restricted": false,
              "static_nat": {}
            },
            "isolation": true,
            "name": "SRX-DMZ",
            "org_id": "992bf4b9-c900-4850-9992-107b2f9df928",
            "routed_for_networks": null,
            "subnet": "10.3.3.0/24",
            "subnet6": null,
            "tenants": {
              "aws": {
                "addresses": [
                  "10.3.3.3"
                ]
              }
            },
            "vlan_id": 3,
            "vpn_access": null
          },
          "sensitive_attributes": [],
          "dependencies": [
            "mist_org.terraform_test"
          ]
        }
      ]
    },
    {
      "mode": "managed",
      "type": "mist_org_network",
      "name": "iot",
      "provider": "provider[\"registry.terraform.io/juniper/mist\"]",
      "instances": [
        {
          "schema_version": 0,
          "attributes": {
            "disallow_mist_services": true,
            "gateway": null,
            "gateway6": null,
            "id": "bbd5028f-0afc-4905-9ab9-15a7bc47af6b",
            "internal_access": null,
            "internet_access": null,
            "isolation": true,
            "name": "SRX-IoT",
            "org_id": "992bf4b9-c900-4850-9992-107b2f9df928",
            "routed_for_networks": null,
            "subnet": "10.3.8.0/24",
            "subnet6": null,
            "tenants": {
              "cctv-b": {
                "addresses": [
                  "10.3.8.41/32"
                ]
              },
              "cctv-c": {
                "addresses": [
                  "10.3.8.42/32"
                ]
              },
              "cctv-e": {
                "addresses": [
                  "10.3.8.40/32"
                ]
              },
              "cctv-x": {
                "addresses": [
                  "10.3.8.44/32"
                ]
              },
              "netatmo": {
                "addresses": [
                  "10.3.8.201/32"
                ]
              }
            },
            "vlan_id": 8,
            "vpn_access": null
          },
          "sensitive_attributes": [],
          "dependencies": [
            "mist_org.terraform_test"
          ]
        }
      ]
    },
    {
      "mode": "managed",
      "type": "mist_org_network",
      "name": "mgmt",
      "provider": "provider[\"registry.terraform.io/juniper/mist\"]",
      "instances": [
        {
          "schema_version": 0,
          "attributes": {
            "disallow_mist_services": false,
            "gateway": "10.3.172.9",
            "gateway6": null,
            "id": "b740ff70-ce1e-45d5-ba76-b617de810c45",
            "internal_access": null,
            "internet_access": null,
            "isolation": true,
            "name": "SRX-Mgmt",
            "org_id": "992bf4b9-c900-4850-9992-107b2f9df928",
            "routed_for_networks": null,
            "subnet": "10.3.172.0/24",
            "subnet6": null,
            "tenants": null,
            "vlan_id": 172,
            "vpn_access": {
              "OrgOverlay": {
                "advertised_subnet": null,
                "allow_ping": null,
                "destination_nat": null,
                "nat_pool": null,
                "no_readvertise_to_lan_bgp": false,
                "no_readvertise_to_lan_ospf": false,
                "no_readvertise_to_overlay": false,
                "other_vrfs": [],
                "routed": true,
                "source_nat": {
                  "exteral_ip": null
                },
                "static_nat": null,
                "summarized_subnet": null,
                "summarized_subnet_to_lan_bgp": null,
                "summarized_subnet_to_lan_ospf": null
              }
            }
          },
          "sensitive_attributes": [],
          "dependencies": [
            "mist_org.terraform_test"
          ]
        }
      ]
    },
    {
      "mode": "managed",
      "type": "mist_org_network",
      "name": "mxe",
      "provider": "provider[\"registry.terraform.io/juniper/mist\"]",
      "instances": [
        {
          "schema_version": 0,
          "attributes": {
            "disallow_mist_services": false,
            "gateway": null,
            "gateway6": null,
            "id": "8f83cabf-7fff-47a1-9b9a-aed0b030dffb",
            "internal_access": null,
            "internet_access": {
              "create_simple_service_policy": false,
              "destination_nat": {
                "192.168.1.9:4500": {
                  "internal_ip": "10.10.0.10",
                  "name": "isakmp",
                  "port": 4500
                },
                "192.168.1.9:500": {
                  "internal_ip": "10.10.0.10",
                  "name": "ike",
                  "port": 500
                }
              },
              "enabled": null,
              "restricted": false,
              "static_nat": {}
            },
            "isolation": true,
            "name": "SRX-MXE-tt-in",
            "org_id": "992bf4b9-c900-4850-9992-107b2f9df928",
            "routed_for_networks": null,
            "subnet": "10.10.0.0/24",
            "subnet6": null,
            "tenants": {
              "mxe-ext": {
                "addresses": [
                  "10.10.0.10"
                ]
              }
            },
            "vlan_id": 1000,
            "vpn_access": null
          },
          "sensitive_attributes": [],
          "dependencies": [
            "mist_org.terraform_test"
          ]
        }
      ]
    },
    {
      "mode": "managed",
      "type": "mist_org_network",
      "name": "reg",
      "provider": "provider[\"registry.terraform.io/juniper/mist\"]",
      "instances": [
        {
          "schema_version": 0,
          "attributes": {
            "disallow_mist_services": false,
            "gateway": null,
            "gateway6": null,
            "id": "0c38f873-633e-483c-81dc-366d787472a5",
            "internal_access": null,
            "internet_access": null,
            "isolation": true,
            "name": "SRX-REG",
            "org_id": "992bf4b9-c900-4850-9992-107b2f9df928",
            "routed_for_networks": null,
            "subnet": "10.3.12.0/24",
            "subnet6": null,
            "tenants": null,
            "vlan_id": 12,
            "vpn_access": null
          },
          "sensitive_attributes": [],
          "dependencies": [
            "mist_org.terraform_test"
          ]
        }
      ]
    },
    {
      "mode": "managed",
      "type": "mist_org_network",
      "name": "ssr",
      "provider": "provider[\"registry.terraform.io/juniper/mist\"]",
      "instances": [
        {
          "schema_version": 0,
          "attributes": {
            "disallow_mist_services": false,
            "gateway": null,
            "gateway6": null,
            "id": "ec6cf793-4fa3-481e-b770-bd72f2f21948",
            "internal_access": null,
            "internet_access": null,
            "isolation": true,
            "name": "SRX-Core-128T",
            "org_id": "992bf4b9-c900-4850-9992-107b2f9df928",
            "routed_for_networks": null,
            "subnet": "10.128.100.0/16",
            "subnet6": null,
            "tenants": null,
            "vlan_id": 128,
            "vpn_access": null
          },
          "sensitive_attributes": [],
          "dependencies": [
            "mist_org.terraform_test"
          ]
        }
      ]
    },
    {
      "mode": "managed",
      "type": "mist_org_networktemplate",
      "name": "switch_template",
      "provider": "provider[\"registry.terraform.io/juniper/mist\"]",
      "instances": [
        {
          "schema_version": 0,
          "attributes": {
            "acl_policies": null,
            "acl_tags": null,
            "additional_config_cmds": [
              "set system hostnam test",
              "set system services ssh root-login allow"
            ],
            "dhcp_snooping": null,
            "dns_servers": [
              "10.3.51.222"
            ],
            "dns_suffix": [
              "stag.one"
            ],
            "extra_routes": null,
            "extra_routes6": null,
            "id": "240a723e-0983-4ddd-ae8e-8e3e352c7215",
            "mist_nac": null,
            "name": "test switch",
            "networks": {
              "test": {
                "isolation": false,
                "isolation_vlan_id": null,
                "subnet": "1.2.3.4",
                "vlan_id": 10
              },
              "test2": {
                "isolation": false,
                "isolation_vlan_id": null,
                "subnet": "1.2.3.4",
                "vlan_id": 11
              }
            },
            "ntp_servers": [
              "10.3.51.222"
            ],
            "org_id": "992bf4b9-c900-4850-9992-107b2f9df928",
            "port_mirroring": null,
            "port_usages": null,
            "radius_config": {
              "acct_interim_interval": 60,
              "acct_servers": [
                {
                  "host": "1.2.3.4",
                  "keywrap_enabled": null,
                  "keywrap_format": null,
                  "keywrap_kek": null,
                  "keywrap_mack": null,
                  "port": 1813,
                  "secret": "secret"
                }
              ],
              "auth_servers": [
                {
                  "host": "1.2.3.4",
                  "keywrap_enabled": null,
                  "keywrap_format": null,
                  "keywrap_kek": null,
                  "keywrap_mack": null,
                  "port": 1812,
                  "secret": "secret"
                }
              ],
              "auth_servers_retries": 3,
              "auth_servers_timeout": 5,
              "coa_enabled": true,
              "coa_port": 3799,
              "network": "test",
              "source_ip": null
            },
            "remote_syslog": {
              "archive": {
                "files": 2,
                "size": "5m"
              },
              "console": {
                "contents": [
                  {
                    "facility": "kernel",
                    "severity": "alert"
                  }
                ]
              },
              "enabled": true,
              "files": null,
              "network": "test",
              "send_to_all_servers": false,
              "servers": [
                {
                  "contents": [
                    {
                      "facility": "any",
                      "severity": "any"
                    }
                  ],
                  "explicit_priority": null,
                  "facility": "any",
                  "host": "1.2.3.4",
                  "match": null,
                  "port": 514,
                  "protocol": "udp",
                  "routing_instance": null,
                  "severity": "any",
                  "source_address": null,
                  "structured_data": null,
                  "tag": null
                }
              ],
              "time_format": null,
              "users": null
            },
            "snmp_config": null,
            "switch_matching": {
              "enable": true,
              "rules": [
                {
                  "additional_config_cmds": [
                    "set system name-server 8.8.8.8"
                  ],
                  "match_role": "access",
                  "match_type": "match_name[0:3]",
                  "match_value": "abc",
                  "name": "access",
                  "port_config": {
                    "ge-0/0/0-10": {
                      "ae_disable_lacp": null,
                      "ae_idx": null,
                      "ae_lacp_slow": true,
                      "aggregated": false,
                      "critical": null,
                      "description": null,
                      "disable_autoneg": false,
                      "duplex": "auto",
                      "dynamic_usage": null,
                      "esilag": null,
                      "mtu": 1514,
                      "no_local_overwrite": null,
                      "poe_disabled": false,
                      "speed": "auto",
                      "usage": "trunk"
                    }
                  },
                  "port_mirroring": null
                },
                {
                  "additional_config_cmds": [
                    "set system name-server 8.8.8.8"
                  ],
                  "match_role": "core",
                  "match_type": null,
                  "match_value": null,
                  "name": "core",
                  "port_config": {
                    "ge-0/0/0-10": {
                      "ae_disable_lacp": null,
                      "ae_idx": null,
                      "ae_lacp_slow": true,
                      "aggregated": false,
                      "critical": null,
                      "description": null,
                      "disable_autoneg": false,
                      "duplex": "auto",
                      "dynamic_usage": null,
                      "esilag": null,
                      "mtu": 1514,
                      "no_local_overwrite": null,
                      "poe_disabled": false,
                      "speed": "auto",
                      "usage": "trunk"
                    }
                  },
                  "port_mirroring": null
                }
              ]
            },
            "switch_mgmt": {
              "config_revert": 5,
              "protect_re": {
                "allowed_services": [],
                "custom": null,
                "enabled": true,
                "trusted_hosts": []
              },
              "root_password": "Juniper123!",
              "tacacs": null
            },
            "vrf_config": null,
            "vrf_instances": null
          },
          "sensitive_attributes": [
            [
              {
                "type": "get_attr",
                "value": "radius_config"
              },
              {
                "type": "get_attr",
                "value": "acct_servers"
              },
              {
                "type": "index",
                "value": {
                  "value": 0,
                  "type": "number"
                }
              },
              {
                "type": "get_attr",
                "value": "secret"
              }
            ],
            [
              {
                "type": "get_attr",
                "value": "radius_config"
              },
              {
                "type": "get_attr",
                "value": "auth_servers"
              },
              {
                "type": "index",
                "value": {
                  "value": 0,
                  "type": "number"
                }
              },
              {
                "type": "get_attr",
                "value": "secret"
              }
            ],
            [
              {
                "type": "get_attr",
                "value": "switch_mgmt"
              },
              {
                "type": "get_attr",
                "value": "root_password"
              }
            ]
          ],
          "dependencies": [
            "mist_org.terraform_test"
          ]
        }
      ]
    },
    {
      "mode": "managed",
      "type": "mist_org_rftemplate",
      "name": "test_rf",
      "provider": "provider[\"registry.terraform.io/juniper/mist\"]",
      "instances": [
        {
          "schema_version": 0,
          "attributes": {
            "ant_gain_24": 1,
            "ant_gain_5": 2,
            "ant_gain_6": 2,
            "band_24": {
              "allow_rrm_disable": true,
              "ant_gain": 1,
              "antenna_mode": "default",
              "bandwidth": 20,
              "channels": [],
              "disabled": false,
              "power": 0,
              "power_max": 18,
              "power_min": 18,
              "preamble": "short"
            },
            "band_24_usage": "auto",
            "band_5": {
              "allow_rrm_disable": false,
              "ant_gain": 2,
              "antenna_mode": "default",
              "bandwidth": 20,
              "channels": [
                60,
                104,
                132
              ],
              "disabled": false,
              "power": 8,
              "power_max": 17,
              "power_min": 8,
              "preamble": "short"
            },
            "band_5_on_24_radio": null,
            "band_6": {
              "allow_rrm_disable": false,
              "ant_gain": 2,
              "antenna_mode": "default",
              "bandwidth": 80,
              "channels": [],
              "disabled": false,
              "power": 8,
              "power_max": 18,
              "power_min": 8,
              "preamble": "short",
              "standard_power": false
            },
            "country_code": "FR",
            "id": "4a325456-cb01-4ebe-8b13-86c55a2028f1",
            "model_specific": null,
            "name": "tf",
            "org_id": "992bf4b9-c900-4850-9992-107b2f9df928",
            "scanning_enabled": null
          },
          "sensitive_attributes": [],
          "dependencies": [
            "mist_org.terraform_test"
          ]
        }
      ]
    },
    {
      "mode": "managed",
      "type": "mist_org_service",
      "name": "lab",
      "provider": "provider[\"registry.terraform.io/juniper/mist\"]",
      "instances": [
        {
          "schema_version": 0,
          "attributes": {
            "addresses": [
              "10.3.0.0/24",
              "10.4.0.0/24"
            ],
            "app_categories": [],
            "app_subcategories": [],
            "apps": [],
            "description": "the lab network",
            "dscp": null,
            "failover_policy": "revertable",
            "hostnames": [],
            "id": "87eeb047-c258-41cb-b3f9-9c02e9523d84",
            "max_jitter": null,
            "max_latency": null,
            "max_loss": null,
            "name": "lab_network",
            "org_id": "992bf4b9-c900-4850-9992-107b2f9df928",
            "sle_enabled": false,
            "specs": [
              {
                "port_range": "443",
                "protocol": "tcp"
              }
            ],
            "ssr_relaxed_tcp_state_enforcement": false,
            "traffic_class": "best_effort",
            "traffic_type": "data_best_effort",
            "type": "custom",
            "urls": []
          },
          "sensitive_attributes": [],
          "dependencies": [
            "mist_org.terraform_test"
          ]
        }
      ]
    },
    {
      "mode": "managed",
      "type": "mist_org_sitegroup",
      "name": "test_group",
      "provider": "provider[\"registry.terraform.io/juniper/mist\"]",
      "instances": [
        {
          "schema_version": 0,
          "attributes": {
            "id": "97c5bc13-9ac5-4a40-be32-4ee4698cd003",
            "name": "test group",
            "org_id": "992bf4b9-c900-4850-9992-107b2f9df928"
          },
          "sensitive_attributes": [],
          "dependencies": [
            "mist_org.terraform_test"
          ]
        }
      ]
    },
    {
      "mode": "managed",
      "type": "mist_org_sitegroup",
      "name": "test_group2",
      "provider": "provider[\"registry.terraform.io/juniper/mist\"]",
      "instances": [
        {
          "schema_version": 0,
          "attributes": {
            "id": "cc3482e4-5c59-4223-a85a-952ec933c43a",
            "name": "test group2b",
            "org_id": "992bf4b9-c900-4850-9992-107b2f9df928"
          },
          "sensitive_attributes": [],
          "dependencies": [
            "mist_org.terraform_test"
          ]
        }
      ]
    },
    {
      "mode": "managed",
      "type": "mist_org_wlan",
      "name": "wlan_cwp",
      "provider": "provider[\"registry.terraform.io/juniper/mist\"]",
      "instances": [
        {
          "schema_version": 0,
          "attributes": {
            "acct_immediate_update": false,
            "acct_interim_interval": 0,
            "acct_servers": null,
            "airwatch": null,
            "allow_ipv6_ndp": true,
            "allow_mdns": false,
            "allow_ssdp": false,
            "ap_ids": [],
            "app_limit": null,
            "app_qos": null,
            "apply_to": "site",
            "arp_filter": false,
            "auth": {
              "anticlog_threshold": 16,
              "eap_reauth": false,
              "enable_mac_auth": false,
              "key_idx": 1,
              "keys": [],
              "multi_psk_only": false,
              "owe": "disabled",
              "pairwise": [],
              "private_wlan": false,
              "psk": "Juniper123",
              "type": "psk",
              "wep_as_secondary_auth": false
            },
            "auth_server_selection": "ordered",
            "auth_servers": null,
            "auth_servers_nas_id": null,
            "auth_servers_nas_ip": null,
            "auth_servers_retries": 2,
            "auth_servers_timeout": 5,
            "band_steer": false,
            "band_steer_force_band5": false,
            "bands": [
              "5"
            ],
            "block_blacklist_clients": false,
            "bonjour": null,
            "cisco_cwa": null,
            "client_limit_down": 1000,
            "client_limit_down_enabled": false,
            "client_limit_up": 512,
            "client_limit_up_enabled": false,
            "coa_servers": null,
            "disable_11ax": false,
            "disable_ht_vht_rates": false,
            "disable_uapsd": false,
            "disable_v1_roam_notify": false,
            "disable_v2_roam_notify": false,
            "disable_wmm": false,
            "dns_server_rewrite": null,
            "dtim": 2,
            "dynamic_psk": null,
            "dynamic_vlan": null,
            "enable_local_keycaching": false,
            "enable_wireless_bridging": false,
            "enable_wireless_bridging_dhcp_tracking": false,
            "enabled": true,
            "fast_dot1x_timers": false,
            "hide_ssid": false,
            "hostname_ie": false,
            "hotspot20": null,
            "id": "d3fed6e8-7222-47b1-8960-a2a623ef0f17",
            "inject_dhcp_option_82": null,
            "interface": "all",
            "isolation": false,
            "l2_isolation": false,
            "legacy_overds": false,
            "limit_bcast": false,
            "limit_probe_response": false,
            "max_idletime": 1800,
            "mist_nac": null,
            "msp_id": "",
            "mxtunnel_ids": [],
            "mxtunnel_name": [],
            "no_static_dns": false,
            "no_static_ip": false,
            "org_id": "992bf4b9-c900-4850-9992-107b2f9df928",
            "portal": {
              "amazon_client_id": "",
              "amazon_client_secret": "",
              "amazon_email_domains": [],
              "amazon_enabled": false,
              "amazon_expire": 0,
              "auth": "sso",
              "azure_client_id": "",
              "azure_client_secret": "",
              "azure_enabled": false,
              "azure_expire": 0,
              "azure_tenant_id": "",
              "broadnet_password": "",
              "broadnet_sid": "MIST",
              "broadnet_user_id": "",
              "bypass_when_cloud_down": true,
              "clickatell_api_key": "",
              "cross_site": false,
              "email_enabled": true,
              "enabled": true,
              "expire": 1440,
              "external_portal_url": "",
              "facebook_client_id": "",
              "facebook_client_secret": "",
              "facebook_email_domains": [],
              "facebook_enabled": false,
              "facebook_expire": 0,
              "forward": false,
              "forward_url": "",
              "google_client_id": "",
              "google_client_secret": "",
              "google_email_domains": [],
              "google_enabled": false,
              "google_expire": 0,
              "gupshup_password": "",
              "gupshup_userid": "",
              "microsoft_client_id": "",
              "microsoft_client_secret": "",
              "microsoft_email_domains": [],
              "microsoft_enabled": false,
              "microsoft_expire": 0,
              "passphrase_enabled": false,
              "passphrase_expire": 0,
              "password": "",
              "portal_api_secret": "",
              "portal_image": "",
              "portal_sso_url": null,
              "predefined_sponsors_enabled": true,
              "privacy": false,
              "puzzel_password": "",
              "puzzel_service_id": "",
              "puzzel_username": "",
              "sms_enabled": false,
              "sms_expire": 0,
              "sms_message_format": "",
              "sms_provider": "manual",
              "sponsor_auto_approve": false,
              "sponsor_email_domains": [],
              "sponsor_enabled": false,
              "sponsor_expire": 0,
              "sponsor_link_validity_duration": 60,
              "sponsor_notify_all": false,
              "sponsor_status_notify": false,
              "sponsors": {},
              "sso_default_role": "",
              "sso_forced_role": "",
              "sso_idp_cert": "-----BEGIN CERTIFICATE-----\nMIIC8DCCAdigAwIBAgIQE5pOI9W1DZFHbB9m2Q7ADzANBgkqhkiG9w0BAQsFADA0MTIwMAYDVQQD\nEylNaWNyb3NvZnQgQXp1cmUgRmVkZXJhdGVkIFNTTyBDZXJ0aWZpY2F0ZTAeFw0yMjAyMDIxNDEz\nMTNaFw0yNTAyMDIxNDEzMTNaMDQxMjAwBgNVBAMTKU1pY3Jvc29mdCBBenVyZSBGZWRlcmF0ZWQg\nU1NPIENlcnRpZmljYXRlMIIBIjANBgkqhkiG9w0BAQEFAAOCAQ8AMIIBCgKCAQEA5gQTCccB3oE7\nelNYH2+11Q69Iq/2f3qf5KUZEQKwL++HyoBCOAM3wL3uLWwvRaih4+qpAeZvNsuShNIyB08SDcWN\nYsqVxaUsLYfzDD0c9VG9mwAx0Kh01S2JvtaLCaFveac7UXVfn/E/QbPXibS1EQvHUj0hwNXMrdS4\nh4TOk4D1Q70+OnCWyy7ykG1/RuO8UerIfqkQEy4C3QFb3Cyo4E7bEaYQo0NiCqD9IoM3B0wZib8Y\n3yRGJKdzXyDxuVJFb5rF7XMAHTWWAbxaN4KOLhZnjaJla7Pu/sFAj2Npm8Hm5pYEYBaUz4fc/8kg\nIwakFb3mnbnYw0xQwf+aJss1vQIDAQABMA0GCSqGSIb3DQEBCwUAA4IBAQCF+oKuLmnooDzALwaE\nbFVI7PVGhU7/UZzAnq6HHI9ngF0Af2+uIrvAz6rdUM1bsGhRbj3SV2oaj26pe/1TDrGescXWhTPw\nKcXOwBnVmFr8FlMkozwpHRNzCQyFYGiTAztgQcmtwF7pilVndOmEc+p3LvCdI5JZB+LtMM/o9V+1\n+Yhm4MEWO6wTSY+j7goc/vi5f76TDZPN6PkRv17+EkybEudJuTOuIoNiqsAbNB52bVNHtxFHGIwb\nH9iS45QJ4/RG1WUr91xe3Vzh/fp1BkiHZVL4iOywOIF0TYcW7h958JEf+q0HD5LUMO47NPEbc/Cd\n+fVCTXWzABXXy4D+S8gA\n-----END CERTIFICATE-----",
              "sso_idp_sign_algo": "sha256",
              "sso_idp_sso_url": "https://login.microsoftonline.com/f2532c2f-938c-4529-b6e4-aa26992b6b62/saml2",
              "sso_issuer": "https://sts.windows.net/f2532c2f-938c-4529-b6e4-aa26992b6b62/",
              "sso_nameid_format": "email",
              "telstra_client_id": "",
              "telstra_client_secret": "",
              "twilio_auth_token": "",
              "twilio_phone_number": "",
              "twilio_sid": ""
            },
            "portal_allowed_hostnames": [
              "login.microsoftonline.com",
              "portal.mist.com",
              "login.live.com",
              "aadcdn.msauth.net",
              "logincdn.msauth.net"
            ],
            "portal_allowed_subnets": [],
            "portal_api_secret": "",
            "portal_denied_hostnames": [],
            "portal_image": "",
            "portal_sso_url": "https://portal.mist.com/saml/d3fed6e8-7222-47b1-8960-a2a623ef0f17/login",
            "portal_template_url": "",
            "qos": null,
            "radsec": null,
            "roam_mode": "none",
            "schedule": null,
            "site_id": "00000000-0000-0000-0000-000000000000",
            "sle_excluded": false,
            "ssid": "MlN.test",
            "template_id": "5df09639-4335-453a-a03b-9a44da0dfdec",
            "thumbnail": "",
            "use_eapol_v1": false,
            "vlan_enabled": false,
            "vlan_id": 143,
            "vlan_ids": [],
            "vlan_pooling": false,
            "wlan_limit_down": 20000,
            "wlan_limit_down_enabled": false,
            "wlan_limit_up": 10000,
            "wlan_limit_up_enabled": false,
            "wxtag_ids": [],
            "wxtunnel_id": "",
            "wxtunnel_remote_id": ""
          },
          "sensitive_attributes": [
            [
              {
                "type": "get_attr",
                "value": "auth"
              },
              {
                "type": "get_attr",
                "value": "psk"
              }
            ],
            [
              {
                "type": "get_attr",
                "value": "portal"
              },
              {
                "type": "get_attr",
                "value": "broadnet_password"
              }
            ],
            [
              {
                "type": "get_attr",
                "value": "portal"
              },
              {
                "type": "get_attr",
                "value": "gupshup_password"
              }
            ],
            [
              {
                "type": "get_attr",
                "value": "portal"
              },
              {
                "type": "get_attr",
                "value": "password"
              }
            ],
            [
              {
                "type": "get_attr",
                "value": "portal"
              },
              {
                "type": "get_attr",
                "value": "puzzel_password"
              }
            ]
          ],
          "dependencies": [
            "mist_org.terraform_test",
            "mist_org_gatewaytemplate.test-api",
            "mist_org_networktemplate.switch_template",
            "mist_org_rftemplate.test_rf",
            "mist_org_sitegroup.test_group",
            "mist_org_sitegroup.test_group2",
            "mist_org_wlantemplate.test101",
            "mist_site.terraform_site"
          ]
        }
      ]
    },
    {
      "mode": "managed",
      "type": "mist_org_wlantemplate",
      "name": "test101",
      "provider": "provider[\"registry.terraform.io/juniper/mist\"]",
      "instances": [
        {
          "schema_version": 0,
          "attributes": {
            "applies": {
              "org_id": null,
              "site_ids": [
                "0791c009-f08d-4249-b104-097b396b1cb9"
              ],
              "sitegroup_ids": []
            },
            "deviceprofile_ids": [],
            "exceptions": {
              "site_ids": [],
              "sitegroup_ids": []
            },
            "filter_by_deviceprofile": false,
            "id": "5df09639-4335-453a-a03b-9a44da0dfdec",
            "name": "test101",
            "org_id": "992bf4b9-c900-4850-9992-107b2f9df928"
          },
          "sensitive_attributes": [],
          "dependencies": [
            "mist_org.terraform_test",
            "mist_org_gatewaytemplate.test-api",
            "mist_org_networktemplate.switch_template",
            "mist_org_rftemplate.test_rf",
            "mist_org_sitegroup.test_group",
            "mist_org_sitegroup.test_group2",
            "mist_site.terraform_site"
          ]
        }
      ]
    },
    {
      "mode": "managed",
      "type": "mist_site",
      "name": "terraform_site",
      "provider": "provider[\"registry.terraform.io/juniper/mist\"]",
      "instances": [
        {
          "schema_version": 0,
          "attributes": {
            "address": "77 Terrasse de l'Université, 92000 Nanterre, France",
            "alarmtemplate_id": null,
            "aptemplate_id": null,
            "country_code": "FR",
            "gatewaytemplate_id": "11a3ded8-75f6-4d2f-81a1-04361b50d8c1",
            "id": "0791c009-f08d-4249-b104-097b396b1cb9",
            "latlng": {
              "lat": 48.899268,
              "lng": 2.214447
            },
            "name": "terraform_site",
            "networktemplate_id": "240a723e-0983-4ddd-ae8e-8e3e352c7215",
            "notes": "Created with Terraform, Updated with Terraform",
            "org_id": "992bf4b9-c900-4850-9992-107b2f9df928",
            "rftemplate_id": "4a325456-cb01-4ebe-8b13-86c55a2028f1",
            "secpolicy_id": null,
            "sitegroup_ids": [
              "97c5bc13-9ac5-4a40-be32-4ee4698cd003",
              "cc3482e4-5c59-4223-a85a-952ec933c43a"
            ],
            "sitetemplate_id": null,
            "timezone": "Europe/Paris"
          },
          "sensitive_attributes": [],
          "dependencies": [
            "mist_org.terraform_test",
            "mist_org_gatewaytemplate.test-api",
            "mist_org_networktemplate.switch_template",
            "mist_org_rftemplate.test_rf",
            "mist_org_sitegroup.test_group",
            "mist_org_sitegroup.test_group2"
          ]
        }
      ]
    },
    {
      "mode": "managed",
      "type": "mist_site",
      "name": "terraform_site2",
      "provider": "provider[\"registry.terraform.io/juniper/mist\"]",
      "instances": [
        {
          "schema_version": 0,
          "attributes": {
            "address": "77 Terrasse de l'Université, 92000 Nanterre, France",
            "alarmtemplate_id": null,
            "aptemplate_id": null,
            "country_code": "FR",
            "gatewaytemplate_id": null,
            "id": "b70bd41c-547a-4c6f-a0fc-73578276afcb",
            "latlng": {
              "lat": 48.899268,
              "lng": 2.214447
            },
            "name": "terraform_site2",
            "networktemplate_id": null,
            "notes": "Created with Terraform, Updated with Terraform",
            "org_id": "992bf4b9-c900-4850-9992-107b2f9df928",
            "rftemplate_id": null,
            "secpolicy_id": null,
            "sitegroup_ids": [
              "97c5bc13-9ac5-4a40-be32-4ee4698cd003",
              "cc3482e4-5c59-4223-a85a-952ec933c43a"
            ],
            "sitetemplate_id": null,
            "timezone": "Europe/Paris"
          },
          "sensitive_attributes": [],
          "dependencies": [
            "mist_org.terraform_test",
            "mist_org_sitegroup.test_group",
            "mist_org_sitegroup.test_group2"
          ]
        }
      ]
    },
    {
      "mode": "managed",
      "type": "mist_site_networktemplate",
      "name": "site_switch_template",
      "provider": "provider[\"registry.terraform.io/juniper/mist\"]",
      "instances": [
        {
          "schema_version": 0,
          "attributes": {
            "acl_policies": null,
            "acl_tags": null,
            "additional_config_cmds": [
              "set system hostnam test",
              "set system services ssh root-login allow"
            ],
            "dhcp_snooping": null,
            "dns_servers": [
              "10.3.51.222"
            ],
            "dns_suffix": [
              "stag.one"
            ],
            "extra_routes": null,
            "extra_routes6": null,
            "mist_nac": null,
            "networks": {
              "test": {
                "isolation": false,
                "isolation_vlan_id": null,
                "subnet": "1.2.3.4",
                "vlan_id": 10
              },
              "test2": {
                "isolation": false,
                "isolation_vlan_id": null,
                "subnet": "1.2.3.4",
                "vlan_id": 11
              }
            },
            "ntp_servers": [
              "10.3.51.222"
            ],
            "port_mirroring": null,
            "port_usages": {
              "trunk": {
                "all_networks": true,
                "allow_dhcpd": null,
                "allow_multiple_supplicants": false,
                "bypass_auth_when_server_down": false,
                "bypass_auth_when_server_down_for_unkonwn_client": false,
                "description": "profile for trunk ports",
                "disable_autoneg": false,
                "disabled": false,
                "duplex": "auto",
                "dynamic_vlan_networks": [],
                "enable_mac_auth": false,
                "enable_qos": true,
                "guest_network": null,
                "inter_switch_link": false,
                "mac_auth_only": null,
                "mac_auth_protocol": "eap-md5",
                "mac_limit": 0,
                "mode": "trunk",
                "mtu": null,
                "networks": [],
                "persist_mac": false,
                "poe_disabled": false,
                "port_auth": null,
                "port_network": "test2",
                "reauth_interval": 3600,
                "rejected_network": null,
                "reset_default_when": "link_down",
                "rules": null,
                "speed": null,
                "storm_control": null,
                "stp_edge": false,
                "voip_network": null
              }
            },
            "radius_config": {
              "acct_interim_interval": 60,
              "acct_servers": [
                {
                  "host": "1.2.3.4",
                  "keywrap_enabled": null,
                  "keywrap_format": null,
                  "keywrap_kek": null,
                  "keywrap_mack": null,
                  "port": 1813,
                  "secret": "secret"
                }
              ],
              "auth_servers": [
                {
                  "host": "1.2.3.4",
                  "keywrap_enabled": null,
                  "keywrap_format": null,
                  "keywrap_kek": null,
                  "keywrap_mack": null,
                  "port": 1812,
                  "secret": "secret"
                }
              ],
              "auth_servers_retries": 3,
              "auth_servers_timeout": 5,
              "coa_enabled": true,
              "coa_port": 3799,
              "network": "test",
              "source_ip": null
            },
            "remote_syslog": {
              "archive": {
                "files": 2,
                "size": "5m"
              },
              "console": {
                "contents": [
                  {
                    "facility": "kernel",
                    "severity": "alert"
                  }
                ]
              },
              "enabled": true,
              "files": null,
              "network": "test",
              "send_to_all_servers": false,
              "servers": [
                {
                  "contents": [
                    {
                      "facility": "any",
                      "severity": "any"
                    }
                  ],
                  "explicit_priority": null,
                  "facility": "any",
                  "host": "1.2.3.4",
                  "match": null,
                  "port": 514,
                  "protocol": "udp",
                  "routing_instance": null,
                  "severity": "any",
                  "source_address": null,
                  "structured_data": null,
                  "tag": null
                }
              ],
              "time_format": null,
              "users": null
            },
            "site_id": "0791c009-f08d-4249-b104-097b396b1cb9",
            "snmp_config": null,
            "switch_matching": {
              "enable": true,
              "rules": [
                {
                  "additional_config_cmds": [
                    "set system name-server 8.8.8.8"
                  ],
                  "match_role": "access",
                  "match_type": "match_name[0:3]",
                  "match_value": "abc",
                  "name": "access",
                  "port_config": {
                    "ge-0/0/0-10": {
                      "ae_disable_lacp": null,
                      "ae_idx": null,
                      "ae_lacp_slow": true,
                      "aggregated": false,
                      "critical": null,
                      "description": null,
                      "disable_autoneg": false,
                      "duplex": "auto",
                      "dynamic_usage": null,
                      "esilag": null,
                      "mtu": 1514,
                      "no_local_overwrite": null,
                      "poe_disabled": false,
                      "speed": "auto",
                      "usage": "trunk"
                    }
                  },
                  "port_mirroring": null
                },
                {
                  "additional_config_cmds": [
                    "set system name-server 8.8.8.8"
                  ],
                  "match_role": "core",
                  "match_type": null,
                  "match_value": null,
                  "name": "core",
                  "port_config": {
                    "ge-0/0/0-10": {
                      "ae_disable_lacp": null,
                      "ae_idx": null,
                      "ae_lacp_slow": true,
                      "aggregated": false,
                      "critical": null,
                      "description": null,
                      "disable_autoneg": false,
                      "duplex": "auto",
                      "dynamic_usage": null,
                      "esilag": null,
                      "mtu": 1514,
                      "no_local_overwrite": null,
                      "poe_disabled": false,
                      "speed": "auto",
                      "usage": "trunk"
                    }
                  },
                  "port_mirroring": null
                }
              ]
            },
            "switch_mgmt": {
              "config_revert": 5,
              "protect_re": {
                "allowed_services": [],
                "custom": null,
                "enabled": true,
                "trusted_hosts": []
              },
              "root_password": "Juniper123",
              "tacacs": null
            },
            "vrf_config": null,
            "vrf_instances": null,
            "vs_instance": null
          },
          "sensitive_attributes": [
            [
              {
                "type": "get_attr",
                "value": "radius_config"
              },
              {
                "type": "get_attr",
                "value": "acct_servers"
              },
              {
                "type": "index",
                "value": {
                  "value": 0,
                  "type": "number"
                }
              },
              {
                "type": "get_attr",
                "value": "secret"
              }
            ],
            [
              {
                "type": "get_attr",
                "value": "radius_config"
              },
              {
                "type": "get_attr",
                "value": "auth_servers"
              },
              {
                "type": "index",
                "value": {
                  "value": 0,
                  "type": "number"
                }
              },
              {
                "type": "get_attr",
                "value": "secret"
              }
            ],
            [
              {
                "type": "get_attr",
                "value": "switch_mgmt"
              },
              {
                "type": "get_attr",
                "value": "root_password"
              }
            ]
          ],
          "dependencies": [
            "mist_org.terraform_test",
            "mist_org_gatewaytemplate.test-api",
            "mist_org_networktemplate.switch_template",
            "mist_org_rftemplate.test_rf",
            "mist_org_sitegroup.test_group",
            "mist_org_sitegroup.test_group2",
            "mist_site.terraform_site"
          ]
        }
      ]
    },
    {
      "mode": "managed",
      "type": "mist_site_setting",
      "name": "test",
      "provider": "provider[\"registry.terraform.io/juniper/mist\"]",
      "instances": [
        {
          "schema_version": 0,
          "attributes": {
            "ap_updown_threshold": 5,
            "auto_upgrade": {
              "custom_versions": {},
              "day_of_week": "tue",
              "enabled": true,
              "time_of_day": "02:00",
              "version": "beta"
            },
            "blacklist_url": null,
            "ble_config": null,
            "config_auto_revert": true,
            "config_push_policy": null,
            "critical_url_monitoring": null,
            "device_updown_threshold": 5,
            "disabled_system_defined_port_usages": null,
            "engagement": null,
            "gateway_updown_threshold": null,
            "led": null,
            "occupancy": null,
            "org_id": "992bf4b9-c900-4850-9992-107b2f9df928",
            "persist_config_on_device": true,
            "proxy": {
              "url": "http://myproxy:3128"
            },
            "report_gatt": false,
            "rogue": {
              "enabled": true,
              "honeypot_enabled": true,
              "min_duration": 5,
              "min_rssi": -80,
              "whitelisted_bssids": [],
              "whitelisted_ssids": []
            },
            "simple_alert": null,
            "site_id": "0791c009-f08d-4249-b104-097b396b1cb9",
            "skyatp": null,
            "ssh_keys": null,
            "ssr": null,
            "switch_updown_threshold": null,
            "synthetic_test": null,
            "track_anonymous_devices": false,
            "vars": null,
            "vs_instance": null,
            "watched_station_url": null,
            "whitelist_url": null,
            "wids": null,
            "wifi": null,
            "wired_vna": null,
            "zone_occupancy_alert": null
          },
          "sensitive_attributes": [],
          "dependencies": [
            "mist_org.terraform_test",
            "mist_org_gatewaytemplate.test-api",
            "mist_org_networktemplate.switch_template",
            "mist_org_rftemplate.test_rf",
            "mist_org_sitegroup.test_group",
            "mist_org_sitegroup.test_group2",
            "mist_site.terraform_site"
          ]
        }
      ]
    },
    {
      "mode": "managed",
      "type": "mist_site_wlan",
      "name": "wlan_cwp2",
      "provider": "provider[\"registry.terraform.io/juniper/mist\"]",
      "instances": [
        {
          "schema_version": 0,
          "attributes": {
            "acct_immediate_update": false,
            "acct_interim_interval": 0,
            "acct_servers": null,
            "airwatch": null,
            "allow_ipv6_ndp": true,
            "allow_mdns": false,
            "allow_ssdp": false,
            "ap_ids": [],
            "app_limit": null,
            "app_qos": null,
            "apply_to": "site",
            "arp_filter": false,
            "auth": {
              "anticlog_threshold": 16,
              "eap_reauth": false,
              "enable_mac_auth": false,
              "key_idx": 1,
              "keys": [],
              "multi_psk_only": false,
              "owe": "disabled",
              "pairwise": [],
              "private_wlan": false,
              "psk": "Juniper123",
              "type": "psk",
              "wep_as_secondary_auth": false
            },
            "auth_server_selection": "ordered",
            "auth_servers": null,
            "auth_servers_nas_id": null,
            "auth_servers_nas_ip": null,
            "auth_servers_retries": 2,
            "auth_servers_timeout": 5,
            "band_steer": false,
            "band_steer_force_band5": false,
            "bands": [
              "5"
            ],
            "block_blacklist_clients": false,
            "bonjour": null,
            "cisco_cwa": null,
            "client_limit_down": 1000,
            "client_limit_down_enabled": false,
            "client_limit_up": 512,
            "client_limit_up_enabled": false,
            "coa_servers": null,
            "disable_11ax": false,
            "disable_ht_vht_rates": false,
            "disable_uapsd": false,
            "disable_v1_roam_notify": false,
            "disable_v2_roam_notify": false,
            "disable_wmm": false,
            "dns_server_rewrite": null,
            "dtim": 2,
            "dynamic_psk": null,
            "dynamic_vlan": null,
            "enable_local_keycaching": false,
            "enable_wireless_bridging": false,
            "enable_wireless_bridging_dhcp_tracking": false,
            "enabled": true,
            "fast_dot1x_timers": false,
            "hide_ssid": false,
            "hostname_ie": false,
            "hotspot20": null,
            "id": "a9d65059-2c89-42f8-89f1-aa785420aca2",
            "inject_dhcp_option_82": null,
            "interface": "all",
            "isolation": false,
            "l2_isolation": false,
            "legacy_overds": false,
            "limit_bcast": false,
            "limit_probe_response": false,
            "max_idletime": 1800,
            "mist_nac": null,
            "msp_id": "",
            "mxtunnel_ids": [],
            "mxtunnel_name": [],
            "no_static_dns": false,
            "no_static_ip": false,
            "org_id": "992bf4b9-c900-4850-9992-107b2f9df928",
            "portal": {
              "amazon_client_id": "",
              "amazon_client_secret": "",
              "amazon_email_domains": [],
              "amazon_enabled": false,
              "amazon_expire": 0,
              "auth": "sso",
              "azure_client_id": "",
              "azure_client_secret": "",
              "azure_enabled": false,
              "azure_expire": 0,
              "azure_tenant_id": "",
              "broadnet_password": "",
              "broadnet_sid": "MIST",
              "broadnet_user_id": "",
              "bypass_when_cloud_down": true,
              "clickatell_api_key": "",
              "cross_site": false,
              "email_enabled": true,
              "enabled": true,
              "expire": 1440,
              "external_portal_url": "",
              "facebook_client_id": "",
              "facebook_client_secret": "",
              "facebook_email_domains": [],
              "facebook_enabled": false,
              "facebook_expire": 0,
              "forward": false,
              "forward_url": "",
              "google_client_id": "",
              "google_client_secret": "",
              "google_email_domains": [],
              "google_enabled": false,
              "google_expire": 0,
              "gupshup_password": "",
              "gupshup_userid": "",
              "microsoft_client_id": "",
              "microsoft_client_secret": "",
              "microsoft_email_domains": [],
              "microsoft_enabled": false,
              "microsoft_expire": 0,
              "passphrase_enabled": false,
              "passphrase_expire": 0,
              "password": "",
              "portal_api_secret": "",
              "portal_image": "",
              "portal_sso_url": null,
              "predefined_sponsors_enabled": true,
              "privacy": false,
              "puzzel_password": "",
              "puzzel_service_id": "",
              "puzzel_username": "",
              "sms_enabled": false,
              "sms_expire": 0,
              "sms_message_format": "",
              "sms_provider": "manual",
              "sponsor_auto_approve": false,
              "sponsor_email_domains": [],
              "sponsor_enabled": false,
              "sponsor_expire": 0,
              "sponsor_link_validity_duration": 60,
              "sponsor_notify_all": false,
              "sponsor_status_notify": false,
              "sponsors": {},
              "sso_default_role": "",
              "sso_forced_role": "",
              "sso_idp_cert": "-----BEGIN CERTIFICATE-----\nMIIC8DCCAdigAwIBAgIQE5pOI9W1DZFHbB9m2Q7ADzANBgkqhkiG9w0BAQsFADA0MTIwMAYDVQQD\nEylNaWNyb3NvZnQgQXp1cmUgRmVkZXJhdGVkIFNTTyBDZXJ0aWZpY2F0ZTAeFw0yMjAyMDIxNDEz\nMTNaFw0yNTAyMDIxNDEzMTNaMDQxMjAwBgNVBAMTKU1pY3Jvc29mdCBBenVyZSBGZWRlcmF0ZWQg\nU1NPIENlcnRpZmljYXRlMIIBIjANBgkqhkiG9w0BAQEFAAOCAQ8AMIIBCgKCAQEA5gQTCccB3oE7\nelNYH2+11Q69Iq/2f3qf5KUZEQKwL++HyoBCOAM3wL3uLWwvRaih4+qpAeZvNsuShNIyB08SDcWN\nYsqVxaUsLYfzDD0c9VG9mwAx0Kh01S2JvtaLCaFveac7UXVfn/E/QbPXibS1EQvHUj0hwNXMrdS4\nh4TOk4D1Q70+OnCWyy7ykG1/RuO8UerIfqkQEy4C3QFb3Cyo4E7bEaYQo0NiCqD9IoM3B0wZib8Y\n3yRGJKdzXyDxuVJFb5rF7XMAHTWWAbxaN4KOLhZnjaJla7Pu/sFAj2Npm8Hm5pYEYBaUz4fc/8kg\nIwakFb3mnbnYw0xQwf+aJss1vQIDAQABMA0GCSqGSIb3DQEBCwUAA4IBAQCF+oKuLmnooDzALwaE\nbFVI7PVGhU7/UZzAnq6HHI9ngF0Af2+uIrvAz6rdUM1bsGhRbj3SV2oaj26pe/1TDrGescXWhTPw\nKcXOwBnVmFr8FlMkozwpHRNzCQyFYGiTAztgQcmtwF7pilVndOmEc+p3LvCdI5JZB+LtMM/o9V+1\n+Yhm4MEWO6wTSY+j7goc/vi5f76TDZPN6PkRv17+EkybEudJuTOuIoNiqsAbNB52bVNHtxFHGIwb\nH9iS45QJ4/RG1WUr91xe3Vzh/fp1BkiHZVL4iOywOIF0TYcW7h958JEf+q0HD5LUMO47NPEbc/Cd\n+fVCTXWzABXXy4D+S8gA\n-----END CERTIFICATE-----",
              "sso_idp_sign_algo": "sha256",
              "sso_idp_sso_url": "https://login.microsoftonline.com/f2532c2f-938c-4529-b6e4-aa26992b6b62/saml2",
              "sso_issuer": "https://sts.windows.net/f2532c2f-938c-4529-b6e4-aa26992b6b62/",
              "sso_nameid_format": "email",
              "telstra_client_id": "",
              "telstra_client_secret": "",
              "twilio_auth_token": "",
              "twilio_phone_number": "",
              "twilio_sid": ""
            },
            "portal_allowed_hostnames": [
              "login.microsoftonline.com",
              "portal.mist.com",
              "login.live.com",
              "aadcdn.msauth.net",
              "logincdn.msauth.net"
            ],
            "portal_allowed_subnets": [],
            "portal_api_secret": "",
            "portal_denied_hostnames": [],
            "portal_image": "",
            "portal_sso_url": "https://portal.mist.com/saml/a9d65059-2c89-42f8-89f1-aa785420aca2/login",
            "portal_template_url": "",
            "qos": null,
            "radsec": null,
            "roam_mode": "none",
            "schedule": null,
            "site_id": "b70bd41c-547a-4c6f-a0fc-73578276afcb",
            "sle_excluded": false,
            "ssid": "MlN.test",
            "thumbnail": "",
            "use_eapol_v1": false,
            "vlan_enabled": false,
            "vlan_id": 143,
            "vlan_ids": [],
            "vlan_pooling": false,
            "wlan_limit_down": 20000,
            "wlan_limit_down_enabled": false,
            "wlan_limit_up": 10000,
            "wlan_limit_up_enabled": false,
            "wxtag_ids": [],
            "wxtunnel_id": "",
            "wxtunnel_remote_id": ""
          },
          "sensitive_attributes": [
            [
              {
                "type": "get_attr",
                "value": "portal"
              },
              {
                "type": "get_attr",
                "value": "password"
              }
            ],
            [
              {
                "type": "get_attr",
                "value": "portal"
              },
              {
                "type": "get_attr",
                "value": "broadnet_password"
              }
            ],
            [
              {
                "type": "get_attr",
                "value": "portal"
              },
              {
                "type": "get_attr",
                "value": "puzzel_password"
              }
            ],
            [
              {
                "type": "get_attr",
                "value": "portal"
              },
              {
                "type": "get_attr",
                "value": "gupshup_password"
              }
            ],
            [
              {
                "type": "get_attr",
                "value": "auth"
              },
              {
                "type": "get_attr",
                "value": "psk"
              }
            ]
          ],
          "dependencies": [
            "mist_org.terraform_test",
            "mist_org_sitegroup.test_group",
            "mist_org_sitegroup.test_group2",
            "mist_site.terraform_site2"
          ]
        }
      ]
    }
  ],
  "check_results": null
}
