{
  "version": 4,
  "terraform_version": "1.9.5",
  "serial": 4494,
  "lineage": "20532229-881e-4371-f1fd-11d081e97e25",
  "outputs": {},
  "resources": [
    {
      "mode": "managed",
      "type": "mist_org",
      "name": "terraform_test",
      "provider": "provider[\"registry.terraform.io/juniper/mist\"]",
      "instances": [
        {
          "schema_version": 0,
          "attributes": {
            "alarmtemplate_id": null,
            "allow_mist": true,
            "id": "992bf4b9-c900-4850-9992-107b2f9df928",
            "msp_id": null,
            "msp_logo_url": null,
            "msp_name": null,
            "name": "Terraform Testing",
            "orggroup_ids": [],
            "session_expiry": 1440
          },
          "sensitive_attributes": []
        }
      ]
    },
    {
      "mode": "managed",
      "type": "mist_org_deviceprofile_gateway",
      "name": "hubp_one",
      "provider": "provider[\"registry.terraform.io/juniper/mist\"]",
      "instances": [
        {
          "schema_version": 0,
          "attributes": {
            "additional_config_cmds": null,
            "bgp_config": null,
            "created_time": null,
            "dhcpd_config": {
              "config": null,
              "enabled": false
            },
            "dns_override": false,
            "dns_servers": null,
            "dns_suffix": null,
            "extra_routes": null,
            "extra_routes6": null,
            "id": "d53575f0-253e-42cd-9674-5c0523fff3ca",
            "idp_profiles": null,
            "ip_configs": {
              "PRD-Core": {
                "ip": "10.3.100.9",
                "netmask": "/24",
                "secondary_ips": [],
                "type": "static"
              },
              "PRD-Lab": {
                "ip": "10.3.171.1",
                "netmask": "/24",
                "secondary_ips": [],
                "type": "static"
              },
              "PRD-Mgmt": {
                "ip": "10.3.172.1",
                "netmask": "/24",
                "secondary_ips": [],
                "type": "static"
              }
            },
            "modified_time": null,
            "name": "hubp_one2",
            "networks": null,
            "ntp_override": false,
            "ntp_servers": null,
            "oob_ip_config": null,
            "org_id": "992bf4b9-c900-4850-9992-107b2f9df928",
            "path_preferences": {
              "HUB": {
                "paths": [
                  {
                    "cost": null,
                    "disabled": null,
                    "gateway_ip": null,
                    "internet_access": null,
                    "name": "SSR_HUB_DC-MPLS.OrgOverlay",
                    "networks": [],
                    "target_ips": [],
                    "type": "vpn",
                    "wan_name": null
                  }
                ],
                "strategy": "ordered"
              },
              "HUB-ECMP": {
                "paths": [
                  {
                    "cost": 30,
                    "disabled": null,
                    "gateway_ip": null,
                    "internet_access": null,
                    "name": "SSR_HUB_DC-MPLS.OrgOverlay",
                    "networks": [],
                    "target_ips": [],
                    "type": "vpn",
                    "wan_name": "LTE"
                  },
                  {
                    "cost": 30,
                    "disabled": null,
                    "gateway_ip": null,
                    "internet_access": null,
                    "name": "SSR_HUB_DC-MPLS.OrgOverlay",
                    "networks": [],
                    "target_ips": [],
                    "type": "vpn",
                    "wan_name": "FTTH"
                  }
                ],
                "strategy": "weighted"
              },
              "HUB-ORDERED": {
                "paths": [
                  {
                    "cost": null,
                    "disabled": null,
                    "gateway_ip": null,
                    "internet_access": null,
                    "name": "SSR_HUB_DC-MPLS.OrgOverlay",
                    "networks": [],
                    "target_ips": [],
                    "type": "vpn",
                    "wan_name": "FTTH"
                  },
                  {
                    "cost": null,
                    "disabled": null,
                    "gateway_ip": null,
                    "internet_access": null,
                    "name": "SSR_HUB_DC-MPLS.OrgOverlay",
                    "networks": [],
                    "target_ips": [],
                    "type": "vpn",
                    "wan_name": "LTE"
                  }
                ],
                "strategy": "ordered"
              }
            },
            "port_config": {
              "ge-0/0/3": {
                "description": null,
                "disable_autoneg": false,
                "disabled": false,
                "dsl_type": "vdsl",
                "dsl_vci": 35,
                "dsl_vpi": 0,
                "duplex": "auto",
                "ip_config": {
                  "dns": null,
                  "dns_suffix": null,
                  "gateway": "192.168.1.1",
                  "ip": "192.168.1.8",
                  "netmask": "/24",
                  "network": null,
                  "poser_password": null,
                  "pppoe_auth": "none",
                  "pppoe_username": null,
                  "type": "static"
                },
                "lte_apn": null,
                "lte_auth": "none",
                "lte_backup": null,
                "lte_password": null,
                "lte_username": null,
                "mtu": null,
                "name": "FTTH",
                "networks": [],
                "outer_vlan_id": null,
                "poe_disabled": false,
                "port_network": null,
                "preserve_dscp": true,
                "redundant": false,
                "reth_idx": null,
                "reth_node": null,
                "reth_nodes": [],
                "speed": "auto",
                "ssr_no_virtual_mac": false,
                "svr_port_range": "none",
                "traffic_shaping": null,
                "usage": "wan",
                "vlan_id": null,
                "vpn_paths": {
                  "SSR_HUB_DC-MPLS.OrgOverlay": {
                    "bfd_profile": "broadband",
                    "bfd_use_tunnel_mode": false,
                    "preference": null,
                    "role": "spoke",
                    "traffic_shaping": null
                  }
                },
                "wan_arp_policer": "recommended",
                "wan_ext_ip": null,
                "wan_source_nat": {
                  "disabled": false,
                  "nat_pool": null
                },
                "wan_type": "broadband"
              },
              "ge-0/0/4": {
                "description": null,
                "disable_autoneg": false,
                "disabled": false,
                "dsl_type": "vdsl",
                "dsl_vci": 35,
                "dsl_vpi": 0,
                "duplex": "auto",
                "ip_config": {
                  "dns": null,
                  "dns_suffix": null,
                  "gateway": null,
                  "ip": null,
                  "netmask": null,
                  "network": null,
                  "poser_password": null,
                  "pppoe_auth": "none",
                  "pppoe_username": null,
                  "type": "dhcp"
                },
                "lte_apn": null,
                "lte_auth": "none",
                "lte_backup": null,
                "lte_password": null,
                "lte_username": null,
                "mtu": null,
                "name": "LTE",
                "networks": [],
                "outer_vlan_id": null,
                "poe_disabled": false,
                "port_network": null,
                "preserve_dscp": true,
                "redundant": false,
                "reth_idx": null,
                "reth_node": null,
                "reth_nodes": [],
                "speed": "auto",
                "ssr_no_virtual_mac": false,
                "svr_port_range": "none",
                "traffic_shaping": null,
                "usage": "wan",
                "vlan_id": null,
                "vpn_paths": {
                  "SSR_HUB_DC-MPLS.OrgOverlay": {
                    "bfd_profile": "broadband",
                    "bfd_use_tunnel_mode": false,
                    "preference": null,
                    "role": "spoke",
                    "traffic_shaping": null
                  }
                },
                "wan_arp_policer": "recommended",
                "wan_ext_ip": null,
                "wan_source_nat": {
                  "disabled": false,
                  "nat_pool": null
                },
                "wan_type": "broadband"
              },
              "ge-0/0/5": {
                "description": null,
                "disable_autoneg": false,
                "disabled": false,
                "dsl_type": "vdsl",
                "dsl_vci": 35,
                "dsl_vpi": 0,
                "duplex": "auto",
                "ip_config": null,
                "lte_apn": null,
                "lte_auth": "none",
                "lte_backup": null,
                "lte_password": null,
                "lte_username": null,
                "mtu": null,
                "name": null,
                "networks": [
                  "PRD-Core"
                ],
                "outer_vlan_id": null,
                "poe_disabled": false,
                "port_network": null,
                "preserve_dscp": true,
                "redundant": false,
                "reth_idx": null,
                "reth_node": null,
                "reth_nodes": [],
                "speed": "auto",
                "ssr_no_virtual_mac": false,
                "svr_port_range": "none",
                "traffic_shaping": null,
                "usage": "lan",
                "vlan_id": null,
                "vpn_paths": null,
                "wan_arp_policer": "recommended",
                "wan_ext_ip": null,
                "wan_source_nat": null,
                "wan_type": "broadband"
              },
              "ge-0/0/6": {
                "description": null,
                "disable_autoneg": false,
                "disabled": false,
                "dsl_type": "vdsl",
                "dsl_vci": 35,
                "dsl_vpi": 0,
                "duplex": "auto",
                "ip_config": null,
                "lte_apn": null,
                "lte_auth": "none",
                "lte_backup": null,
                "lte_password": null,
                "lte_username": null,
                "mtu": null,
                "name": null,
                "networks": [
                  "PRD-Lab"
                ],
                "outer_vlan_id": null,
                "poe_disabled": false,
                "port_network": null,
                "preserve_dscp": true,
                "redundant": false,
                "reth_idx": null,
                "reth_node": null,
                "reth_nodes": [],
                "speed": "auto",
                "ssr_no_virtual_mac": false,
                "svr_port_range": "none",
                "traffic_shaping": null,
                "usage": "lan",
                "vlan_id": null,
                "vpn_paths": null,
                "wan_arp_policer": "recommended",
                "wan_ext_ip": null,
                "wan_source_nat": null,
                "wan_type": "broadband"
              },
              "ge-0/0/7": {
                "description": null,
                "disable_autoneg": false,
                "disabled": false,
                "dsl_type": "vdsl",
                "dsl_vci": 35,
                "dsl_vpi": 0,
                "duplex": "auto",
                "ip_config": null,
                "lte_apn": null,
                "lte_auth": "none",
                "lte_backup": null,
                "lte_password": null,
                "lte_username": null,
                "mtu": null,
                "name": null,
                "networks": [
                  "PRD-Mgmt"
                ],
                "outer_vlan_id": null,
                "poe_disabled": false,
                "port_network": null,
                "preserve_dscp": true,
                "redundant": false,
                "reth_idx": null,
                "reth_node": null,
                "reth_nodes": [],
                "speed": "auto",
                "ssr_no_virtual_mac": false,
                "svr_port_range": "none",
                "traffic_shaping": null,
                "usage": "lan",
                "vlan_id": null,
                "vpn_paths": null,
                "wan_arp_policer": "recommended",
                "wan_ext_ip": null,
                "wan_source_nat": null,
                "wan_type": "broadband"
              }
            },
            "router_id": null,
            "routing_policies": null,
            "service_policies": [
              {
                "action": "allow",
                "appqoe": null,
                "ewf": null,
                "idp": {
                  "alert_only": false,
                  "enabled": true,
                  "idpprofile_id": null,
                  "profile": "critical"
                },
                "local_routing": false,
                "name": "Policy-14",
                "path_preference": "HUB",
                "servicepolicy_id": null,
                "services": [
                  "any"
                ],
                "tenants": [
                  "PRD-Core"
                ]
              },
              {
                "action": "allow",
                "appqoe": null,
                "ewf": null,
                "idp": {
                  "alert_only": true,
                  "enabled": true,
                  "idpprofile_id": null,
                  "profile": "standard"
                },
                "local_routing": false,
                "name": "Policy-2",
                "path_preference": "HUB-ECMP",
                "servicepolicy_id": null,
                "services": [
                  "any"
                ],
                "tenants": [
                  "PRD-Mgmt"
                ]
              },
              {
                "action": "allow",
                "appqoe": null,
                "ewf": null,
                "idp": {
                  "alert_only": null,
                  "enabled": false,
                  "idpprofile_id": null,
                  "profile": "strict"
                },
                "local_routing": false,
                "name": "Policy-3",
                "path_preference": "HUB-ORDERED",
                "servicepolicy_id": null,
                "services": [
                  "any"
                ],
                "tenants": [
                  "PRD-Lab"
                ]
              }
            ],
            "tunnel_configs": null,
            "tunnel_provider_options": null,
            "type": "gateway",
            "vrf_config": null,
            "vrf_instances": null
          },
          "sensitive_attributes": [
            [
              {
                "type": "get_attr",
                "value": "port_config"
              },
              {
                "type": "index",
                "value": {
                  "value": "ge-0/0/3",
                  "type": "string"
                }
              },
              {
                "type": "get_attr",
                "value": "lte_password"
              }
            ],
            [
              {
                "type": "get_attr",
                "value": "port_config"
              },
              {
                "type": "index",
                "value": {
                  "value": "ge-0/0/3",
                  "type": "string"
                }
              },
              {
                "type": "get_attr",
                "value": "ip_config"
              },
              {
                "type": "get_attr",
                "value": "poser_password"
              }
            ],
            [
              {
                "type": "get_attr",
                "value": "port_config"
              },
              {
                "type": "index",
                "value": {
                  "value": "ge-0/0/4",
                  "type": "string"
                }
              },
              {
                "type": "get_attr",
                "value": "lte_password"
              }
            ],
            [
              {
                "type": "get_attr",
                "value": "port_config"
              },
              {
                "type": "index",
                "value": {
                  "value": "ge-0/0/4",
                  "type": "string"
                }
              },
              {
                "type": "get_attr",
                "value": "ip_config"
              },
              {
                "type": "get_attr",
                "value": "poser_password"
              }
            ],
            [
              {
                "type": "get_attr",
                "value": "port_config"
              },
              {
                "type": "index",
                "value": {
                  "value": "ge-0/0/5",
                  "type": "string"
                }
              },
              {
                "type": "get_attr",
                "value": "lte_password"
              }
            ],
            [
              {
                "type": "get_attr",
                "value": "port_config"
              },
              {
                "type": "index",
                "value": {
                  "value": "ge-0/0/6",
                  "type": "string"
                }
              },
              {
                "type": "get_attr",
                "value": "lte_password"
              }
            ],
            [
              {
                "type": "get_attr",
                "value": "port_config"
              },
              {
                "type": "index",
                "value": {
                  "value": "ge-0/0/7",
                  "type": "string"
                }
              },
              {
                "type": "get_attr",
                "value": "lte_password"
              }
            ]
          ],
          "dependencies": [
            "mist_org.terraform_test"
          ]
        }
      ]
    },
    {
      "mode": "managed",
      "type": "mist_org_inventory",
      "name": "inventory",
      "provider": "provider[\"registry.terraform.io/juniper/mist\"]",
      "instances": [
        {
          "schema_version": 0,
          "attributes": {
            "devices": [
              {
                "claim_code": "CPKL2EXN8JY98AC",
                "hostname": null,
                "id": "00000000-0000-0000-1000-003e7316ff9e",
                "mac": "003e7316ff9e",
                "model": "AP24",
                "org_id": "992bf4b9-c900-4850-9992-107b2f9df928",
                "serial": "A192923060671",
                "site_id": null,
                "type": "ap",
                "vc_mac": null
              },
              {
                "claim_code": "G87JHBFXZJSFNMX",
                "hostname": null,
                "id": "00000000-0000-0000-1000-2c21311c37b0",
                "mac": "2c21311c37b0",
                "model": "EX2300-C-12P",
                "org_id": "992bf4b9-c900-4850-9992-107b2f9df928",
                "serial": "HV0216410081",
                "site_id": null,
                "type": "switch",
                "vc_mac": null
              },
              {
                "claim_code": "CV4YAS8DQWYLL6M",
                "hostname": null,
                "id": "00000000-0000-0000-1000-e8a24550e732",
                "mac": "e8a24550e732",
                "model": "SRX320",
                "org_id": "992bf4b9-c900-4850-9992-107b2f9df928",
                "serial": "CW2720AF0433",
                "site_id": "19e06ed0-9ee9-4ac7-9d5c-dd1ed551a95c",
                "type": "gateway",
                "vc_mac": null
              },
              {
                "claim_code": "",
                "hostname": null,
                "id": "00000000-0000-0000-1000-4c9614fc1300",
                "mac": "4c9614fc1300",
                "model": "VSRX3",
                "org_id": "992bf4b9-c900-4850-9992-107b2f9df928",
                "serial": "23D32B733E1D",
                "site_id": "19e06ed0-9ee9-4ac7-9d5c-dd1ed551a95c",
                "type": "gateway",
                "vc_mac": null
              },
              {
                "claim_code": "",
                "hostname": null,
                "id": "00000000-0000-0000-1000-4c961496f700",
                "mac": "4c961496f700",
                "model": "VSRX3",
                "org_id": "992bf4b9-c900-4850-9992-107b2f9df928",
                "serial": "1440DC8FDEDF",
                "site_id": "19e06ed0-9ee9-4ac7-9d5c-dd1ed551a95c",
                "type": "gateway",
                "vc_mac": null
              }
            ],
            "org_id": "992bf4b9-c900-4850-9992-107b2f9df928"
          },
          "sensitive_attributes": [],
          "dependencies": [
            "mist_org.terraform_test",
            "mist_org_sitegroup.test_group",
            "mist_org_sitegroup.test_group2",
            "mist_site.terraform_site"
          ]
        }
      ]
    },
    {
      "mode": "managed",
      "type": "mist_org_networktemplate",
      "name": "switch_template",
      "provider": "provider[\"registry.terraform.io/juniper/mist\"]",
      "instances": [
        {
          "schema_version": 0,
          "attributes": {
            "acl_policies": null,
            "acl_tags": null,
            "additional_config_cmds": [
              "set system hostnam test",
              "set system services ssh root-login allow"
            ],
            "dhcp_snooping": null,
            "dns_servers": [
              "10.3.51.222"
            ],
            "dns_suffix": [
              "stag.one"
            ],
            "extra_routes": {
              "1.2.0.0/24": {
                "discard": false,
                "metric": null,
                "next_qualified": null,
                "no_resolve": false,
                "preference": null,
                "via": "1.2.3.4"
              }
            },
            "extra_routes6": null,
            "id": "432e227a-81d6-47f6-b894-c79f11cefd03",
            "mist_nac": null,
            "name": "test_switch",
            "networks": {
              "test": {
                "isolation": false,
                "isolation_vlan_id": null,
                "subnet": "1.2.3.0/24",
                "vlan_id": "10"
              },
              "test2": {
                "isolation": false,
                "isolation_vlan_id": null,
                "subnet": "1.2.3.0/24",
                "vlan_id": "11"
              }
            },
            "ntp_servers": [
              "10.3.51.222"
            ],
            "org_id": "992bf4b9-c900-4850-9992-107b2f9df928",
            "port_mirroring": {
              "test": {
                "input_networks_ingress": [
                  "default"
                ],
                "input_port_ids_egress": [],
                "input_port_ids_ingress": [],
                "output_network": "prx",
                "output_port_id": null
              }
            },
            "port_usages": {
              "disabled_port": {
                "all_networks": false,
                "allow_dhcpd": null,
                "allow_multiple_supplicants": false,
                "bypass_auth_when_server_down": false,
                "bypass_auth_when_server_down_for_unkonwn_client": false,
                "description": null,
                "disable_autoneg": false,
                "disabled": false,
                "duplex": "auto",
                "dynamic_vlan_networks": [],
                "enable_mac_auth": false,
                "enable_qos": false,
                "guest_network": null,
                "inter_switch_link": false,
                "mac_auth_only": null,
                "mac_auth_protocol": "eap-md5",
                "mac_limit": 0,
                "mode": "access",
                "mtu": null,
                "networks": [],
                "persist_mac": false,
                "poe_disabled": false,
                "port_auth": null,
                "port_network": "default",
                "reauth_interval": 3600,
                "rejected_network": null,
                "reset_default_when": "link_down",
                "rules": null,
                "speed": null,
                "storm_control": null,
                "stp_edge": false,
                "stp_no_root_port": false,
                "stp_p2p": false,
                "voip_network": null
              }
            },
            "radius_config": {
              "acct_interim_interval": 60,
              "acct_servers": [
                {
                  "host": "1.2.3.4",
                  "keywrap_enabled": null,
                  "keywrap_format": null,
                  "keywrap_kek": null,
                  "keywrap_mack": null,
                  "port": 1813,
                  "secret": "secret"
                }
              ],
              "auth_servers": [
                {
                  "host": "1.2.3.4",
                  "keywrap_enabled": null,
                  "keywrap_format": null,
                  "keywrap_kek": null,
                  "keywrap_mack": null,
                  "port": 1812,
                  "secret": "secret"
                }
              ],
              "auth_servers_retries": 3,
              "auth_servers_timeout": 5,
              "coa_enabled": true,
              "coa_port": 3799,
              "network": "test",
              "source_ip": null
            },
            "remote_syslog": {
              "archive": {
                "files": 2,
                "size": "5m"
              },
              "console": {
                "contents": [
                  {
                    "facility": "kernel",
                    "severity": "alert"
                  }
                ]
              },
              "enabled": true,
              "files": null,
              "network": "test",
              "send_to_all_servers": false,
              "servers": [
                {
                  "contents": [
                    {
                      "facility": "any",
                      "severity": "any"
                    }
                  ],
                  "explicit_priority": null,
                  "facility": "any",
                  "host": "1.2.3.4",
                  "match": null,
                  "port": 514,
                  "protocol": "udp",
                  "routing_instance": null,
                  "severity": "any",
                  "source_address": null,
                  "structured_data": null,
                  "tag": null
                }
              ],
              "time_format": null,
              "users": null
            },
            "remove_existing_configs": false,
            "snmp_config": null,
            "switch_matching": {
              "enable": true,
              "rules": [
                {
                  "additional_config_cmds": [
                    "set system name-server 8.8.8.8"
                  ],
                  "match_role": "access",
                  "match_type": "match_name[0:3]",
                  "match_value": "abc",
                  "name": "access",
                  "port_config": {
                    "ge-0/0/0-10": {
                      "ae_disable_lacp": null,
                      "ae_idx": null,
                      "ae_lacp_slow": true,
                      "aggregated": false,
                      "critical": null,
                      "description": null,
                      "disable_autoneg": false,
                      "duplex": "auto",
                      "dynamic_usage": null,
                      "esilag": null,
                      "mtu": 1514,
                      "no_local_overwrite": null,
                      "poe_disabled": false,
                      "speed": "auto",
                      "usage": "trunk"
                    }
                  },
                  "port_mirroring": null
                },
                {
                  "additional_config_cmds": [
                    "set system name-server 8.8.8.8"
                  ],
                  "match_role": "core",
                  "match_type": null,
                  "match_value": null,
                  "name": "core",
                  "port_config": {
                    "ge-0/0/0-10": {
                      "ae_disable_lacp": null,
                      "ae_idx": null,
                      "ae_lacp_slow": true,
                      "aggregated": false,
                      "critical": null,
                      "description": null,
                      "disable_autoneg": false,
                      "duplex": "auto",
                      "dynamic_usage": null,
                      "esilag": null,
                      "mtu": 1514,
                      "no_local_overwrite": null,
                      "poe_disabled": false,
                      "speed": "auto",
                      "usage": "trunk"
                    }
                  },
                  "port_mirroring": null
                }
              ]
            },
            "switch_mgmt": {
              "ap_affinity_threshold": 10,
              "cli_banner": null,
              "cli_idle_timeout": null,
              "config_revert_timer": 10,
              "dhcp_option_fqdn": false,
              "local_accounts": null,
              "mxedge_proxy_host": null,
              "mxedge_proxy_port": 2222,
              "protect_re": {
                "allowed_services": [],
                "custom": null,
                "enabled": true,
                "trusted_hosts": []
              },
              "root_password": "Juniper123!",
              "tacacs": null,
              "use_mxedge_proxy": null
            },
            "vrf_config": null,
            "vrf_instances": null
          },
          "sensitive_attributes": [
            [
              {
                "type": "get_attr",
                "value": "radius_config"
              },
              {
                "type": "get_attr",
                "value": "acct_servers"
              },
              {
                "type": "index",
                "value": {
                  "value": 0,
                  "type": "number"
                }
              },
              {
                "type": "get_attr",
                "value": "secret"
              }
            ],
            [
              {
                "type": "get_attr",
                "value": "radius_config"
              },
              {
                "type": "get_attr",
                "value": "auth_servers"
              },
              {
                "type": "index",
                "value": {
                  "value": 0,
                  "type": "number"
                }
              },
              {
                "type": "get_attr",
                "value": "secret"
              }
            ],
            [
              {
                "type": "get_attr",
                "value": "switch_mgmt"
              },
              {
                "type": "get_attr",
                "value": "root_password"
              }
            ]
          ],
          "dependencies": [
            "mist_org.terraform_test"
          ]
        }
      ]
    },
    {
      "mode": "managed",
      "type": "mist_org_psk",
      "name": "psk_three",
      "provider": "provider[\"registry.terraform.io/juniper/mist\"]",
      "instances": [
        {
          "schema_version": 0,
          "attributes": {
            "email": null,
            "expire_time": 0,
            "expiry_notification_time": null,
            "id": "b0467620-8a31-4f77-b9c4-a184347db71f",
            "mac": null,
            "macs": [
              "deadbeefdeaf"
            ],
            "max_usage": 0,
            "name": "psk_three",
            "note": null,
            "notify_expiry": false,
            "notify_on_create_or_edit": null,
            "old_passphrase": null,
            "org_id": "992bf4b9-c900-4850-9992-107b2f9df928",
            "passphrase": "juniper123",
            "role": null,
            "ssid": "test",
            "usage": "macs",
            "vlan_id": null
          },
          "sensitive_attributes": [
            [
              {
                "type": "get_attr",
                "value": "old_passphrase"
              }
            ],
            [
              {
                "type": "get_attr",
                "value": "passphrase"
              }
            ]
          ],
          "dependencies": [
            "mist_org.terraform_test"
          ]
        }
      ]
    },
    {
      "mode": "managed",
      "type": "mist_org_rftemplate",
      "name": "example",
      "provider": "provider[\"registry.terraform.io/juniper/mist\"]",
      "instances": [
        {
          "schema_version": 0,
          "attributes": {
            "ant_gain_24": 0,
            "ant_gain_5": 0,
            "ant_gain_6": 0,
            "band_24": null,
            "band_24_usage": null,
            "band_5": null,
            "band_5_on_24_radio": null,
            "band_6": null,
            "country_code": "US",
            "id": "cccb4e3f-3ff1-4af5-a6bd-491f0e513709",
            "model_specific": null,
            "name": "Integration_Template_Test",
            "org_id": "992bf4b9-c900-4850-9992-107b2f9df928",
            "scanning_enabled": null
          },
          "sensitive_attributes": [],
          "dependencies": [
            "mist_org.terraform_test"
          ]
        }
      ]
    },
    {
      "mode": "managed",
      "type": "mist_org_rftemplate",
      "name": "rft1",
      "provider": "provider[\"registry.terraform.io/juniper/mist\"]",
      "instances": [
        {
          "schema_version": 0,
          "attributes": {
            "ant_gain_24": 0,
            "ant_gain_5": 0,
            "ant_gain_6": 0,
            "band_24": {
              "allow_rrm_disable": false,
              "ant_gain": 1,
              "antenna_mode": "default",
              "bandwidth": 20,
              "channels": [],
              "disabled": false,
              "power": 8,
              "power_max": 18,
              "power_min": 8,
              "preamble": "short"
            },
            "band_24_usage": "24",
            "band_5": null,
            "band_5_on_24_radio": null,
            "band_6": null,
            "country_code": "US",
            "id": "158001fa-65a7-4b2c-9fca-ed1643409613",
            "model_specific": null,
            "name": "rft_test",
            "org_id": "992bf4b9-c900-4850-9992-107b2f9df928",
            "scanning_enabled": null
          },
          "sensitive_attributes": [],
          "dependencies": [
            "mist_org.terraform_test"
          ]
        }
      ]
    },
    {
      "mode": "managed",
      "type": "mist_org_rftemplate",
      "name": "test_rf",
      "provider": "provider[\"registry.terraform.io/juniper/mist\"]",
      "instances": [
        {
          "schema_version": 0,
          "attributes": {
            "ant_gain_24": 1,
            "ant_gain_5": 2,
            "ant_gain_6": 2,
            "band_24": {
              "allow_rrm_disable": true,
              "ant_gain": 1,
              "antenna_mode": "default",
              "bandwidth": 20,
              "channels": [],
              "disabled": false,
              "power": 0,
              "power_max": 18,
              "power_min": 18,
              "preamble": "short"
            },
            "band_24_usage": "auto",
            "band_5": {
              "allow_rrm_disable": false,
              "ant_gain": 2,
              "antenna_mode": "default",
              "bandwidth": 20,
              "channels": [
                60,
                104,
                132
              ],
              "disabled": false,
              "power": 8,
              "power_max": 17,
              "power_min": 8,
              "preamble": "short"
            },
            "band_5_on_24_radio": null,
            "band_6": {
              "allow_rrm_disable": false,
              "ant_gain": 2,
              "antenna_mode": "default",
              "bandwidth": 80,
              "channels": [],
              "disabled": false,
              "power": 8,
              "power_max": 18,
              "power_min": 8,
              "preamble": "short",
              "standard_power": false
            },
            "country_code": "FR",
            "id": "6428196e-8d6e-4f7a-826b-b2df5729d274",
            "model_specific": null,
            "name": "tf",
            "org_id": "992bf4b9-c900-4850-9992-107b2f9df928",
            "scanning_enabled": null
          },
          "sensitive_attributes": [],
          "dependencies": [
            "mist_org.terraform_test"
          ]
        }
      ]
    },
    {
      "mode": "managed",
      "type": "mist_org_sitegroup",
      "name": "test_group",
      "provider": "provider[\"registry.terraform.io/juniper/mist\"]",
      "instances": [
        {
          "schema_version": 0,
          "attributes": {
            "id": "91dc3688-addb-4875-85cc-3a065abd21b2",
            "name": "test group",
            "org_id": "992bf4b9-c900-4850-9992-107b2f9df928"
          },
          "sensitive_attributes": [],
          "dependencies": [
            "mist_org.terraform_test"
          ]
        }
      ]
    },
    {
      "mode": "managed",
      "type": "mist_org_sitegroup",
      "name": "test_group2",
      "provider": "provider[\"registry.terraform.io/juniper/mist\"]",
      "instances": [
        {
          "schema_version": 0,
          "attributes": {
            "id": "9a4e1d2a-9043-448e-af3e-464dd9ced21d",
            "name": "test group2b",
            "org_id": "992bf4b9-c900-4850-9992-107b2f9df928"
          },
          "sensitive_attributes": [],
          "dependencies": [
            "mist_org.terraform_test"
          ]
        }
      ]
    },
    {
      "mode": "managed",
      "type": "mist_org_webhook",
      "name": "webhook_one",
      "provider": "provider[\"registry.terraform.io/juniper/mist\"]",
      "instances": [
        {
          "schema_version": 0,
          "attributes": {
            "enabled": false,
            "headers": null,
            "id": "67dc195b-0163-4d63-90b6-14fbce2c3c67",
            "name": "test",
            "oauth2_client_id": null,
            "oauth2_client_secret": null,
            "oauth2_grant_type": null,
            "oauth2_password": null,
            "oauth2_scopes": null,
            "oauth2_token_url": null,
            "oauth2_username": null,
            "org_id": "992bf4b9-c900-4850-9992-107b2f9df928",
            "secret": null,
            "splunk_token": null,
            "topics": [
              "audits"
            ],
            "type": "http-post",
            "url": "https://test.com",
            "verify_cert": true
          },
          "sensitive_attributes": [
            [
              {
                "type": "get_attr",
                "value": "secret"
              }
            ],
            [
              {
                "type": "get_attr",
                "value": "oauth2_password"
              }
            ],
            [
              {
                "type": "get_attr",
                "value": "oauth2_client_secret"
              }
            ],
            [
              {
                "type": "get_attr",
                "value": "splunk_token"
              }
            ]
          ],
          "dependencies": [
            "mist_org.terraform_test"
          ]
        }
      ]
    },
    {
      "mode": "managed",
      "type": "mist_org_wlan",
      "name": "test_open",
      "provider": "provider[\"registry.terraform.io/juniper/mist\"]",
      "instances": [
        {
          "schema_version": 0,
          "attributes": {
            "acct_immediate_update": false,
            "acct_interim_interval": 0,
            "acct_servers": null,
            "airwatch": null,
            "allow_ipv6_ndp": true,
            "allow_mdns": false,
            "allow_ssdp": false,
            "ap_ids": [],
            "app_limit": null,
            "app_qos": null,
            "apply_to": "site",
            "arp_filter": false,
            "auth": {
              "anticlog_threshold": 16,
              "eap_reauth": false,
              "enable_mac_auth": false,
              "key_idx": 1,
              "keys": [],
              "multi_psk_only": false,
              "owe": "disabled",
              "pairwise": [],
              "private_wlan": false,
              "psk": "",
              "type": "open",
              "wep_as_secondary_auth": false
            },
            "auth_server_selection": "ordered",
            "auth_servers": null,
            "auth_servers_nas_id": null,
            "auth_servers_nas_ip": null,
            "auth_servers_retries": 2,
            "auth_servers_timeout": 5,
            "band_steer": false,
            "band_steer_force_band5": false,
            "bands": [
              "5",
              "6"
            ],
            "block_blacklist_clients": false,
            "bonjour": null,
            "cisco_cwa": null,
            "client_limit_down": null,
            "client_limit_down_enabled": false,
            "client_limit_up": null,
            "client_limit_up_enabled": false,
            "coa_servers": null,
            "disable_11ax": false,
            "disable_ht_vht_rates": false,
            "disable_uapsd": false,
            "disable_v1_roam_notify": false,
            "disable_v2_roam_notify": false,
            "disable_wmm": false,
            "dns_server_rewrite": null,
            "dtim": 2,
            "dynamic_psk": null,
            "dynamic_vlan": null,
            "enable_local_keycaching": false,
            "enable_wireless_bridging": false,
            "enable_wireless_bridging_dhcp_tracking": false,
            "enabled": true,
            "fast_dot1x_timers": false,
            "hide_ssid": false,
            "hostname_ie": false,
            "hotspot20": null,
            "id": "f49406bb-8a8a-47d7-8ac5-29fe4701bfef",
            "inject_dhcp_option_82": null,
            "interface": "all",
            "isolation": false,
            "l2_isolation": false,
            "legacy_overds": false,
            "limit_bcast": false,
            "limit_probe_response": false,
            "max_idletime": 1800,
            "mist_nac": null,
            "msp_id": "",
            "mxtunnel_ids": [],
            "mxtunnel_name": [],
            "no_static_dns": false,
            "no_static_ip": false,
            "org_id": "992bf4b9-c900-4850-9992-107b2f9df928",
            "portal": {
              "amazon_client_id": "",
              "amazon_client_secret": "",
              "amazon_email_domains": [],
              "amazon_enabled": false,
              "amazon_expire": 0,
              "auth": "none",
              "azure_client_id": "",
              "azure_client_secret": "",
              "azure_enabled": false,
              "azure_expire": 0,
              "azure_tenant_id": "",
              "broadnet_password": "",
              "broadnet_sid": "MIST",
              "broadnet_user_id": "",
              "bypass_when_cloud_down": false,
              "clickatell_api_key": "",
              "cross_site": false,
              "email_enabled": true,
              "enabled": true,
              "expire": 60,
              "external_portal_url": "",
              "facebook_client_id": "",
              "facebook_client_secret": "",
              "facebook_email_domains": [],
              "facebook_enabled": false,
              "facebook_expire": 0,
              "forward": false,
              "forward_url": "",
              "google_client_id": "",
              "google_client_secret": "",
              "google_email_domains": [],
              "google_enabled": false,
              "google_expire": 0,
              "gupshup_password": "",
              "gupshup_userid": "",
              "microsoft_client_id": "",
              "microsoft_client_secret": "",
              "microsoft_email_domains": [],
              "microsoft_enabled": false,
              "microsoft_expire": 0,
              "passphrase_enabled": false,
              "passphrase_expire": 0,
              "password": "",
              "predefined_sponsors_enabled": true,
              "predefined_sponsors_hide_email": false,
              "privacy": false,
              "puzzel_password": "",
              "puzzel_service_id": "",
              "puzzel_username": "",
              "sms_enabled": false,
              "sms_expire": 0,
              "sms_message_format": "Code {{code}} expires in {{duration}} minutes.",
              "sms_provider": "manual",
              "sponsor_auto_approve": false,
              "sponsor_email_domains": [],
              "sponsor_enabled": false,
              "sponsor_expire": 0,
              "sponsor_link_validity_duration": "60",
              "sponsor_notify_all": false,
              "sponsor_status_notify": false,
              "sponsors": {},
              "sso_default_role": "",
              "sso_forced_role": "",
              "sso_idp_cert": "",
              "sso_idp_sign_algo": "sha1",
              "sso_idp_sso_url": "",
              "sso_issuer": "",
              "sso_nameid_format": "email",
              "telstra_client_id": "",
              "telstra_client_secret": "",
              "twilio_auth_token": "",
              "twilio_phone_number": "",
              "twilio_sid": ""
            },
            "portal_allowed_hostnames": [],
            "portal_allowed_subnets": [],
            "portal_api_secret": "",
            "portal_denied_hostnames": [],
            "portal_image": null,
            "portal_sso_url": null,
            "portal_template_url": "https://s3.us-east-1.amazonaws.com/papi-production/portal_template/f49406bb-8a8a-47d7-8ac5-29fe4701bfef.json?X-Amz-Algorithm=AWS4-HMAC-SHA256\u0026X-Amz-Credential=ASIAZTT3NFULMVWQLOUN%2F20240909%2Fus-east-1%2Fs3%2Faws4_request\u0026X-Amz-Date=20240909T221423Z\u0026X-Amz-Expires=3600\u0026X-Amz-SignedHeaders=host\u0026X-Amz-Security-Token=IQoJb3JpZ2luX2VjEDwaCXVzLXdlc3QtMSJIMEYCIQDnvB%2BB7ilsJir0BeqTQF5QbmV2ZmKDKeVistgCMVTm4QIhANF%2FcwYp%2FrlJ5TS6SQIRKQ79Ron1bdx4B0tFmaSBPtsNKrMFCGUQBRoMNjYwNjEwMDM0OTY2IgyBX2jt4tWiO78EeVoqkAUyiHwkwrtw2wq%2B6nSi31%2FNLE46odYZ3PvcZv6hSzZvihWmSnpfjWUCqfmyUzAZ%2BbbMAB6t1kRiWCab5iRC1Ttc%2BzxA6q5YMognB5QnokpIGBhIC6HuWHYCiPgXt6LR6h4eYByoaB%2BeVIOxvSLG%2FO%2BYNR3XY756nyLt%2BQAkDjBbGIMpLRAtn3kKK%2BOIATT0ZnssUb3lUgUXxVqZOHC0VMUaQcLtoq9YHuRsd9cMrEZfyBGYpfEBppWgSeKyGEeV4rH8aJFxiaYEqpHN1J23k9kHcHEEX6oIEBZpWihoJ6dto5g49SdH7%2FgJMcZqj0A8QFsTnNY2SDsExo3bNPZgmFsuonElGEuGkbJwvk3bgwPbF4KtNP4BUfDwt0RavQa4n6mTfdElN%2B25PP26hJiiksZMxyb0IjmnFWThL7QOfofZ7Irec%2BXManhK2H8FJTL3x2zeWipQ3zbDmWqAF5UQzSQ2FrtZAtedO1ZHwO6vPBTrql%2BqYIRgxL65wBKjgB4oDuaJvLwUvGEWfXCd%2BaD7gqxZ7neceRzkKG902H9YGw7XSlK9J4HDgPw2MN7uWW5EpydetBzsLOCX8u63dJ7awL12xgOE4RIXOSLPIQjzkIHvlYMqv%2BOVjU%2BOnJ91eJZCgx5GfsdkNl1q7AWpdklEYgFrY6%2Bx%2BgAPywypIf%2BmzPJjLOmFG2vpfeT3ZDTp1Z6x4cYEei0E%2BeahaB2FsZXlObKzAz8xAmAdkijvBsu2Cz%2FdlOenm6x6T9OMlh0ZdE2BLgnSjBPVz8%2Fqk7PeN9Lb4FxxX8P0i213gjcGeGeomr750DSeBA9E2D2Sgzu1IVidBctSrUUqmU1BeatcQu%2BKhLZSQQMBs9Fd%2FWpUgmwWdcKq4DCypv22BjqwAXKbY3ciuclH%2Fbstkq5ICFOI8KkQNCLOvKzra8X4La5DlKEHDYTJbj0VHg842Sd5wqNfHFWaKislOgVCFTaXNCsXbIpuzw2%2BLTy82AwJfhs7hJOgjFCnXMzgC4F%2B%2BiUab%2BndUU8x%2FhybwvAtj6A3kzEbbO2jFcU%2Fke1xVPozIaSNlDWCqRwDi1JajVQiWSbErIGkwdKdZ2bwRaMaPJtgl6uF0lWwQ4sNT0NmgMXT%2FzHw\u0026X-Amz-Signature=343d11cf65c263e1f006e2d57bc14afb1256c0e356eec443a888f338e1fe4c5a",
            "qos": null,
            "radsec": null,
            "roam_mode": "NONE",
            "schedule": null,
            "sle_excluded": false,
            "ssid": "test",
            "template_id": "511a9dde-e0d8-4999-a778-07cb5003ff05",
            "thumbnail": null,
            "use_eapol_v1": false,
            "vlan_enabled": true,
            "vlan_id": "160",
            "vlan_ids": [],
            "vlan_pooling": false,
            "wlan_limit_down": 0,
            "wlan_limit_down_enabled": false,
            "wlan_limit_up": 0,
            "wlan_limit_up_enabled": false,
            "wxtag_ids": [],
            "wxtunnel_id": "",
            "wxtunnel_remote_id": ""
          },
          "sensitive_attributes": [
            [
              {
                "type": "get_attr",
                "value": "auth"
              },
              {
                "type": "get_attr",
                "value": "psk"
              }
            ],
            [
              {
                "type": "get_attr",
                "value": "portal"
              },
              {
                "type": "get_attr",
                "value": "gupshup_password"
              }
            ],
            [
              {
                "type": "get_attr",
                "value": "portal"
              },
              {
                "type": "get_attr",
                "value": "password"
              }
            ],
            [
              {
                "type": "get_attr",
                "value": "portal"
              },
              {
                "type": "get_attr",
                "value": "broadnet_password"
              }
            ],
            [
              {
                "type": "get_attr",
                "value": "portal"
              },
              {
                "type": "get_attr",
                "value": "puzzel_password"
              }
            ]
          ],
          "dependencies": [
            "mist_org.terraform_test",
            "mist_org_wlantemplate.wlantemplate_one"
          ]
        }
      ]
    },
    {
      "mode": "managed",
      "type": "mist_org_wlan_portal_template",
      "name": "test",
      "provider": "provider[\"registry.terraform.io/juniper/mist\"]",
      "instances": [
        {
          "schema_version": 0,
          "attributes": {
            "org_id": "992bf4b9-c900-4850-9992-107b2f9df928",
            "portal_template": {
              "access_code_alternate_email": "Use alternate email address",
              "alignment": "right",
              "auth_button_amazon": "Sign in with Amazon",
              "auth_button_azure": "Sign in with Azure",
              "auth_button_email": "Sign in with Email",
              "auth_button_facebook": "Sign in with Facebook",
              "auth_button_google": "Sign in with Google",
              "auth_button_microsoft": "Sign in with Microsoft",
              "auth_button_passphrase": "Sign in with Passphrase",
              "auth_button_sms": "Sign in with Text Message",
              "auth_button_sponsor": "Sign in as Guest",
              "auth_label": "Connect to WiFi with",
              "back_link": "Back to Sign In",
              "color": "#1074bc",
              "color_dark": "#0b5183",
              "color_light": "#3589c6",
              "company": false,
              "company_error": "Please provide your company name",
              "company_label": "Company",
              "email": true,
              "email_access_domain_error": "Email Access Domain Error",
              "email_cancel": "Cancel",
              "email_code_cancel": "I did not receive the code",
              "email_code_error": "Please provide valid alternate email",
              "email_code_field_label": "Access Code",
              "email_code_message": "Enter the access number that was sent to your email address.",
              "email_code_submit": "Sign In",
              "email_code_title": "Access Code",
              "email_error": "Please provide valid email",
              "email_field_label": "Enter your email address",
              "email_label": "Email",
              "email_message": "We will email you an authentication code which you can use to connect to the WiFi network.",
              "email_submit": "Send Access Code",
              "email_title": "Sign in with Email",
              "field1": false,
              "field1error": "Please provide Custom Field 1",
              "field1label": "Custom Field 1",
              "field1required": false,
              "field2": false,
              "field2error": "Please provide Custom Field 2",
              "field2label": "Custom Field 2",
              "field2required": false,
              "field3": false,
              "field3error": "Please provide Custom Field 3",
              "field3label": "Custom Field 3",
              "field3required": false,
              "field4": false,
              "field4error": "Please provide Custom Field 4",
              "field4label": "Custom Field 4",
              "field4required": null,
              "locales": {
                "ar": {
                  "auth_button_amazon": null,
                  "auth_button_azure": null,
                  "auth_button_email": null,
                  "auth_button_facebook": null,
                  "auth_button_google": null,
                  "auth_button_microsoft": null,
                  "auth_button_passphrase": null,
                  "auth_button_sms": null,
                  "auth_button_sponsor": null,
                  "auth_label": null,
                  "back_link": null,
                  "company_error": null,
                  "company_label": null,
                  "email_access_domain_error": null,
                  "email_cancel": null,
                  "email_code_cancel": null,
                  "email_code_error": null,
                  "email_code_field_label": null,
                  "email_code_message": null,
                  "email_code_submit": null,
                  "email_code_title": null,
                  "email_error": null,
                  "email_field_label": null,
                  "email_label": null,
                  "email_message": null,
                  "email_submit": null,
                  "email_title": null,
                  "field1error": null,
                  "field1label": null,
                  "field2error": null,
                  "field2label": null,
                  "field3error": null,
                  "field3label": null,
                  "field4error": null,
                  "field4label": null,
                  "message": null,
                  "name_error": null,
                  "name_label": null,
                  "optout_label": null,
                  "page_title": null,
                  "passphrase_cancel": null,
                  "passphrase_error": null,
                  "passphrase_label": null,
                  "passphrase_message": null,
                  "passphrase_submit": null,
                  "passphrase_title": null,
                  "privacy_policy_accept_label": null,
                  "privacy_policy_error": null,
                  "privacy_policy_link": null,
                  "privacy_policy_text": null,
                  "required_field_label": null,
                  "sign_in_label": null,
                  "sms_carrier_default": null,
                  "sms_carrier_error": null,
                  "sms_carrier_field_label": null,
                  "sms_code_cancel": null,
                  "sms_code_error": null,
                  "sms_code_field_label": null,
                  "sms_code_message": null,
                  "sms_code_submit": null,
                  "sms_code_title": null,
                  "sms_country_field_label": null,
                  "sms_country_format": null,
                  "sms_have_access_code": "a",
                  "sms_message_format": null,
                  "sms_number_cancel": null,
                  "sms_number_error": null,
                  "sms_number_field_label": null,
                  "sms_number_format": null,
                  "sms_number_message": null,
                  "sms_number_submit": null,
                  "sms_number_title": null,
                  "sms_username_format": null,
                  "sponsor_back_link": null,
                  "sponsor_cancel": null,
                  "sponsor_email": null,
                  "sponsor_email_error": null,
                  "sponsor_info_approved": null,
                  "sponsor_info_denied": null,
                  "sponsor_info_pending": null,
                  "sponsor_name": null,
                  "sponsor_name_error": null,
                  "sponsor_note_pending": null,
                  "sponsor_request_access": null,
                  "sponsor_status_approved": null,
                  "sponsor_status_denied": null,
                  "sponsor_status_pending": null,
                  "sponsor_submit": null,
                  "sponsors_error": null,
                  "sponsors_field_label": null,
                  "tos_accept_label": null,
                  "tos_error": null,
                  "tos_link": null,
                  "tos_text": null,
                  "uth_button_amazon": null
                },
                "ca-ES": {
                  "auth_button_amazon": null,
                  "auth_button_azure": null,
                  "auth_button_email": null,
                  "auth_button_facebook": null,
                  "auth_button_google": null,
                  "auth_button_microsoft": null,
                  "auth_button_passphrase": null,
                  "auth_button_sms": null,
                  "auth_button_sponsor": null,
                  "auth_label": null,
                  "back_link": null,
                  "company_error": null,
                  "company_label": null,
                  "email_access_domain_error": null,
                  "email_cancel": null,
                  "email_code_cancel": null,
                  "email_code_error": null,
                  "email_code_field_label": null,
                  "email_code_message": null,
                  "email_code_submit": null,
                  "email_code_title": null,
                  "email_error": null,
                  "email_field_label": null,
                  "email_label": null,
                  "email_message": null,
                  "email_submit": null,
                  "email_title": null,
                  "field1error": null,
                  "field1label": null,
                  "field2error": null,
                  "field2label": null,
                  "field3error": null,
                  "field3label": null,
                  "field4error": null,
                  "field4label": null,
                  "message": null,
                  "name_error": null,
                  "name_label": null,
                  "optout_label": null,
                  "page_title": null,
                  "passphrase_cancel": null,
                  "passphrase_error": null,
                  "passphrase_label": null,
                  "passphrase_message": null,
                  "passphrase_submit": null,
                  "passphrase_title": null,
                  "privacy_policy_accept_label": null,
                  "privacy_policy_error": null,
                  "privacy_policy_link": null,
                  "privacy_policy_text": null,
                  "required_field_label": null,
                  "sign_in_label": null,
                  "sms_carrier_default": null,
                  "sms_carrier_error": null,
                  "sms_carrier_field_label": null,
                  "sms_code_cancel": null,
                  "sms_code_error": null,
                  "sms_code_field_label": null,
                  "sms_code_message": null,
                  "sms_code_submit": null,
                  "sms_code_title": null,
                  "sms_country_field_label": null,
                  "sms_country_format": null,
                  "sms_have_access_code": "a",
                  "sms_message_format": null,
                  "sms_number_cancel": null,
                  "sms_number_error": null,
                  "sms_number_field_label": null,
                  "sms_number_format": null,
                  "sms_number_message": null,
                  "sms_number_submit": null,
                  "sms_number_title": null,
                  "sms_username_format": null,
                  "sponsor_back_link": null,
                  "sponsor_cancel": null,
                  "sponsor_email": null,
                  "sponsor_email_error": null,
                  "sponsor_info_approved": null,
                  "sponsor_info_denied": null,
                  "sponsor_info_pending": null,
                  "sponsor_name": null,
                  "sponsor_name_error": null,
                  "sponsor_note_pending": null,
                  "sponsor_request_access": null,
                  "sponsor_status_approved": null,
                  "sponsor_status_denied": null,
                  "sponsor_status_pending": null,
                  "sponsor_submit": null,
                  "sponsors_error": null,
                  "sponsors_field_label": null,
                  "tos_accept_label": null,
                  "tos_error": null,
                  "tos_link": null,
                  "tos_text": null,
                  "uth_button_amazon": null
                },
                "cs-CZ": {
                  "auth_button_amazon": null,
                  "auth_button_azure": null,
                  "auth_button_email": null,
                  "auth_button_facebook": null,
                  "auth_button_google": null,
                  "auth_button_microsoft": null,
                  "auth_button_passphrase": null,
                  "auth_button_sms": null,
                  "auth_button_sponsor": null,
                  "auth_label": null,
                  "back_link": null,
                  "company_error": null,
                  "company_label": null,
                  "email_access_domain_error": null,
                  "email_cancel": null,
                  "email_code_cancel": null,
                  "email_code_error": null,
                  "email_code_field_label": null,
                  "email_code_message": null,
                  "email_code_submit": null,
                  "email_code_title": null,
                  "email_error": null,
                  "email_field_label": null,
                  "email_label": null,
                  "email_message": null,
                  "email_submit": null,
                  "email_title": null,
                  "field1error": null,
                  "field1label": null,
                  "field2error": null,
                  "field2label": null,
                  "field3error": null,
                  "field3label": null,
                  "field4error": null,
                  "field4label": null,
                  "message": null,
                  "name_error": null,
                  "name_label": null,
                  "optout_label": null,
                  "page_title": null,
                  "passphrase_cancel": null,
                  "passphrase_error": null,
                  "passphrase_label": null,
                  "passphrase_message": null,
                  "passphrase_submit": null,
                  "passphrase_title": null,
                  "privacy_policy_accept_label": null,
                  "privacy_policy_error": null,
                  "privacy_policy_link": null,
                  "privacy_policy_text": null,
                  "required_field_label": null,
                  "sign_in_label": null,
                  "sms_carrier_default": null,
                  "sms_carrier_error": null,
                  "sms_carrier_field_label": null,
                  "sms_code_cancel": null,
                  "sms_code_error": null,
                  "sms_code_field_label": null,
                  "sms_code_message": null,
                  "sms_code_submit": null,
                  "sms_code_title": null,
                  "sms_country_field_label": null,
                  "sms_country_format": null,
                  "sms_have_access_code": "a",
                  "sms_message_format": null,
                  "sms_number_cancel": null,
                  "sms_number_error": null,
                  "sms_number_field_label": null,
                  "sms_number_format": null,
                  "sms_number_message": null,
                  "sms_number_submit": null,
                  "sms_number_title": null,
                  "sms_username_format": null,
                  "sponsor_back_link": null,
                  "sponsor_cancel": null,
                  "sponsor_email": null,
                  "sponsor_email_error": null,
                  "sponsor_info_approved": null,
                  "sponsor_info_denied": null,
                  "sponsor_info_pending": null,
                  "sponsor_name": null,
                  "sponsor_name_error": null,
                  "sponsor_note_pending": null,
                  "sponsor_request_access": null,
                  "sponsor_status_approved": null,
                  "sponsor_status_denied": null,
                  "sponsor_status_pending": null,
                  "sponsor_submit": null,
                  "sponsors_error": null,
                  "sponsors_field_label": null,
                  "tos_accept_label": null,
                  "tos_error": null,
                  "tos_link": null,
                  "tos_text": null,
                  "uth_button_amazon": null
                },
                "da-DK": {
                  "auth_button_amazon": null,
                  "auth_button_azure": null,
                  "auth_button_email": null,
                  "auth_button_facebook": null,
                  "auth_button_google": null,
                  "auth_button_microsoft": null,
                  "auth_button_passphrase": null,
                  "auth_button_sms": null,
                  "auth_button_sponsor": null,
                  "auth_label": null,
                  "back_link": null,
                  "company_error": null,
                  "company_label": null,
                  "email_access_domain_error": null,
                  "email_cancel": null,
                  "email_code_cancel": null,
                  "email_code_error": null,
                  "email_code_field_label": null,
                  "email_code_message": null,
                  "email_code_submit": null,
                  "email_code_title": null,
                  "email_error": null,
                  "email_field_label": null,
                  "email_label": null,
                  "email_message": null,
                  "email_submit": null,
                  "email_title": null,
                  "field1error": null,
                  "field1label": null,
                  "field2error": null,
                  "field2label": null,
                  "field3error": null,
                  "field3label": null,
                  "field4error": null,
                  "field4label": null,
                  "message": null,
                  "name_error": null,
                  "name_label": null,
                  "optout_label": null,
                  "page_title": null,
                  "passphrase_cancel": null,
                  "passphrase_error": null,
                  "passphrase_label": null,
                  "passphrase_message": null,
                  "passphrase_submit": null,
                  "passphrase_title": null,
                  "privacy_policy_accept_label": null,
                  "privacy_policy_error": null,
                  "privacy_policy_link": null,
                  "privacy_policy_text": null,
                  "required_field_label": null,
                  "sign_in_label": null,
                  "sms_carrier_default": null,
                  "sms_carrier_error": null,
                  "sms_carrier_field_label": null,
                  "sms_code_cancel": null,
                  "sms_code_error": null,
                  "sms_code_field_label": null,
                  "sms_code_message": null,
                  "sms_code_submit": null,
                  "sms_code_title": null,
                  "sms_country_field_label": null,
                  "sms_country_format": null,
                  "sms_have_access_code": "a",
                  "sms_message_format": null,
                  "sms_number_cancel": null,
                  "sms_number_error": null,
                  "sms_number_field_label": null,
                  "sms_number_format": null,
                  "sms_number_message": null,
                  "sms_number_submit": null,
                  "sms_number_title": null,
                  "sms_username_format": null,
                  "sponsor_back_link": null,
                  "sponsor_cancel": null,
                  "sponsor_email": null,
                  "sponsor_email_error": null,
                  "sponsor_info_approved": null,
                  "sponsor_info_denied": null,
                  "sponsor_info_pending": null,
                  "sponsor_name": null,
                  "sponsor_name_error": null,
                  "sponsor_note_pending": null,
                  "sponsor_request_access": null,
                  "sponsor_status_approved": null,
                  "sponsor_status_denied": null,
                  "sponsor_status_pending": null,
                  "sponsor_submit": null,
                  "sponsors_error": null,
                  "sponsors_field_label": null,
                  "tos_accept_label": null,
                  "tos_error": null,
                  "tos_link": null,
                  "tos_text": null,
                  "uth_button_amazon": null
                },
                "de-DE": {
                  "auth_button_amazon": null,
                  "auth_button_azure": null,
                  "auth_button_email": null,
                  "auth_button_facebook": null,
                  "auth_button_google": null,
                  "auth_button_microsoft": null,
                  "auth_button_passphrase": null,
                  "auth_button_sms": null,
                  "auth_button_sponsor": null,
                  "auth_label": null,
                  "back_link": null,
                  "company_error": null,
                  "company_label": null,
                  "email_access_domain_error": null,
                  "email_cancel": null,
                  "email_code_cancel": null,
                  "email_code_error": null,
                  "email_code_field_label": null,
                  "email_code_message": null,
                  "email_code_submit": null,
                  "email_code_title": null,
                  "email_error": null,
                  "email_field_label": null,
                  "email_label": null,
                  "email_message": null,
                  "email_submit": null,
                  "email_title": null,
                  "field1error": null,
                  "field1label": null,
                  "field2error": null,
                  "field2label": null,
                  "field3error": null,
                  "field3label": null,
                  "field4error": null,
                  "field4label": null,
                  "message": null,
                  "name_error": null,
                  "name_label": null,
                  "optout_label": null,
                  "page_title": null,
                  "passphrase_cancel": null,
                  "passphrase_error": null,
                  "passphrase_label": null,
                  "passphrase_message": null,
                  "passphrase_submit": null,
                  "passphrase_title": null,
                  "privacy_policy_accept_label": null,
                  "privacy_policy_error": null,
                  "privacy_policy_link": null,
                  "privacy_policy_text": null,
                  "required_field_label": null,
                  "sign_in_label": null,
                  "sms_carrier_default": null,
                  "sms_carrier_error": null,
                  "sms_carrier_field_label": null,
                  "sms_code_cancel": null,
                  "sms_code_error": null,
                  "sms_code_field_label": null,
                  "sms_code_message": null,
                  "sms_code_submit": null,
                  "sms_code_title": null,
                  "sms_country_field_label": null,
                  "sms_country_format": null,
                  "sms_have_access_code": "a",
                  "sms_message_format": null,
                  "sms_number_cancel": null,
                  "sms_number_error": null,
                  "sms_number_field_label": null,
                  "sms_number_format": null,
                  "sms_number_message": null,
                  "sms_number_submit": null,
                  "sms_number_title": null,
                  "sms_username_format": null,
                  "sponsor_back_link": null,
                  "sponsor_cancel": null,
                  "sponsor_email": null,
                  "sponsor_email_error": null,
                  "sponsor_info_approved": null,
                  "sponsor_info_denied": null,
                  "sponsor_info_pending": null,
                  "sponsor_name": null,
                  "sponsor_name_error": null,
                  "sponsor_note_pending": null,
                  "sponsor_request_access": null,
                  "sponsor_status_approved": null,
                  "sponsor_status_denied": null,
                  "sponsor_status_pending": null,
                  "sponsor_submit": null,
                  "sponsors_error": null,
                  "sponsors_field_label": null,
                  "tos_accept_label": null,
                  "tos_error": null,
                  "tos_link": null,
                  "tos_text": null,
                  "uth_button_amazon": null
                },
                "el-GR": {
                  "auth_button_amazon": null,
                  "auth_button_azure": null,
                  "auth_button_email": null,
                  "auth_button_facebook": null,
                  "auth_button_google": null,
                  "auth_button_microsoft": null,
                  "auth_button_passphrase": null,
                  "auth_button_sms": null,
                  "auth_button_sponsor": null,
                  "auth_label": null,
                  "back_link": null,
                  "company_error": null,
                  "company_label": null,
                  "email_access_domain_error": null,
                  "email_cancel": null,
                  "email_code_cancel": null,
                  "email_code_error": null,
                  "email_code_field_label": null,
                  "email_code_message": null,
                  "email_code_submit": null,
                  "email_code_title": null,
                  "email_error": null,
                  "email_field_label": null,
                  "email_label": null,
                  "email_message": null,
                  "email_submit": null,
                  "email_title": null,
                  "field1error": null,
                  "field1label": null,
                  "field2error": null,
                  "field2label": null,
                  "field3error": null,
                  "field3label": null,
                  "field4error": null,
                  "field4label": null,
                  "message": null,
                  "name_error": null,
                  "name_label": null,
                  "optout_label": null,
                  "page_title": null,
                  "passphrase_cancel": null,
                  "passphrase_error": null,
                  "passphrase_label": null,
                  "passphrase_message": null,
                  "passphrase_submit": null,
                  "passphrase_title": null,
                  "privacy_policy_accept_label": null,
                  "privacy_policy_error": null,
                  "privacy_policy_link": null,
                  "privacy_policy_text": null,
                  "required_field_label": null,
                  "sign_in_label": null,
                  "sms_carrier_default": null,
                  "sms_carrier_error": null,
                  "sms_carrier_field_label": null,
                  "sms_code_cancel": null,
                  "sms_code_error": null,
                  "sms_code_field_label": null,
                  "sms_code_message": null,
                  "sms_code_submit": null,
                  "sms_code_title": null,
                  "sms_country_field_label": null,
                  "sms_country_format": null,
                  "sms_have_access_code": "a",
                  "sms_message_format": null,
                  "sms_number_cancel": null,
                  "sms_number_error": null,
                  "sms_number_field_label": null,
                  "sms_number_format": null,
                  "sms_number_message": null,
                  "sms_number_submit": null,
                  "sms_number_title": null,
                  "sms_username_format": null,
                  "sponsor_back_link": null,
                  "sponsor_cancel": null,
                  "sponsor_email": null,
                  "sponsor_email_error": null,
                  "sponsor_info_approved": null,
                  "sponsor_info_denied": null,
                  "sponsor_info_pending": null,
                  "sponsor_name": null,
                  "sponsor_name_error": null,
                  "sponsor_note_pending": null,
                  "sponsor_request_access": null,
                  "sponsor_status_approved": null,
                  "sponsor_status_denied": null,
                  "sponsor_status_pending": null,
                  "sponsor_submit": null,
                  "sponsors_error": null,
                  "sponsors_field_label": null,
                  "tos_accept_label": null,
                  "tos_error": null,
                  "tos_link": null,
                  "tos_text": null,
                  "uth_button_amazon": null
                },
                "en-GB": {
                  "auth_button_amazon": null,
                  "auth_button_azure": null,
                  "auth_button_email": null,
                  "auth_button_facebook": null,
                  "auth_button_google": null,
                  "auth_button_microsoft": null,
                  "auth_button_passphrase": null,
                  "auth_button_sms": null,
                  "auth_button_sponsor": null,
                  "auth_label": null,
                  "back_link": null,
                  "company_error": null,
                  "company_label": null,
                  "email_access_domain_error": null,
                  "email_cancel": null,
                  "email_code_cancel": null,
                  "email_code_error": null,
                  "email_code_field_label": null,
                  "email_code_message": null,
                  "email_code_submit": null,
                  "email_code_title": null,
                  "email_error": null,
                  "email_field_label": null,
                  "email_label": null,
                  "email_message": null,
                  "email_submit": null,
                  "email_title": null,
                  "field1error": null,
                  "field1label": null,
                  "field2error": null,
                  "field2label": null,
                  "field3error": null,
                  "field3label": null,
                  "field4error": null,
                  "field4label": null,
                  "message": null,
                  "name_error": null,
                  "name_label": null,
                  "optout_label": null,
                  "page_title": null,
                  "passphrase_cancel": null,
                  "passphrase_error": null,
                  "passphrase_label": null,
                  "passphrase_message": null,
                  "passphrase_submit": null,
                  "passphrase_title": null,
                  "privacy_policy_accept_label": null,
                  "privacy_policy_error": null,
                  "privacy_policy_link": null,
                  "privacy_policy_text": null,
                  "required_field_label": null,
                  "sign_in_label": null,
                  "sms_carrier_default": null,
                  "sms_carrier_error": null,
                  "sms_carrier_field_label": null,
                  "sms_code_cancel": null,
                  "sms_code_error": null,
                  "sms_code_field_label": null,
                  "sms_code_message": null,
                  "sms_code_submit": null,
                  "sms_code_title": null,
                  "sms_country_field_label": null,
                  "sms_country_format": null,
                  "sms_have_access_code": "a",
                  "sms_message_format": null,
                  "sms_number_cancel": null,
                  "sms_number_error": null,
                  "sms_number_field_label": null,
                  "sms_number_format": null,
                  "sms_number_message": null,
                  "sms_number_submit": null,
                  "sms_number_title": null,
                  "sms_username_format": null,
                  "sponsor_back_link": null,
                  "sponsor_cancel": null,
                  "sponsor_email": null,
                  "sponsor_email_error": null,
                  "sponsor_info_approved": null,
                  "sponsor_info_denied": null,
                  "sponsor_info_pending": null,
                  "sponsor_name": null,
                  "sponsor_name_error": null,
                  "sponsor_note_pending": null,
                  "sponsor_request_access": null,
                  "sponsor_status_approved": null,
                  "sponsor_status_denied": null,
                  "sponsor_status_pending": null,
                  "sponsor_submit": null,
                  "sponsors_error": null,
                  "sponsors_field_label": null,
                  "tos_accept_label": null,
                  "tos_error": null,
                  "tos_link": null,
                  "tos_text": null,
                  "uth_button_amazon": null
                },
                "en-US": {
                  "auth_button_amazon": null,
                  "auth_button_azure": null,
                  "auth_button_email": null,
                  "auth_button_facebook": null,
                  "auth_button_google": null,
                  "auth_button_microsoft": null,
                  "auth_button_passphrase": null,
                  "auth_button_sms": null,
                  "auth_button_sponsor": null,
                  "auth_label": null,
                  "back_link": null,
                  "company_error": null,
                  "company_label": null,
                  "email_access_domain_error": null,
                  "email_cancel": null,
                  "email_code_cancel": null,
                  "email_code_error": null,
                  "email_code_field_label": null,
                  "email_code_message": null,
                  "email_code_submit": null,
                  "email_code_title": null,
                  "email_error": null,
                  "email_field_label": null,
                  "email_label": null,
                  "email_message": null,
                  "email_submit": null,
                  "email_title": null,
                  "field1error": null,
                  "field1label": null,
                  "field2error": null,
                  "field2label": null,
                  "field3error": null,
                  "field3label": null,
                  "field4error": null,
                  "field4label": null,
                  "message": null,
                  "name_error": null,
                  "name_label": null,
                  "optout_label": null,
                  "page_title": null,
                  "passphrase_cancel": null,
                  "passphrase_error": null,
                  "passphrase_label": null,
                  "passphrase_message": null,
                  "passphrase_submit": null,
                  "passphrase_title": null,
                  "privacy_policy_accept_label": null,
                  "privacy_policy_error": null,
                  "privacy_policy_link": null,
                  "privacy_policy_text": null,
                  "required_field_label": null,
                  "sign_in_label": null,
                  "sms_carrier_default": null,
                  "sms_carrier_error": null,
                  "sms_carrier_field_label": null,
                  "sms_code_cancel": null,
                  "sms_code_error": null,
                  "sms_code_field_label": null,
                  "sms_code_message": null,
                  "sms_code_submit": null,
                  "sms_code_title": null,
                  "sms_country_field_label": null,
                  "sms_country_format": null,
                  "sms_have_access_code": "a",
                  "sms_message_format": null,
                  "sms_number_cancel": null,
                  "sms_number_error": null,
                  "sms_number_field_label": null,
                  "sms_number_format": null,
                  "sms_number_message": null,
                  "sms_number_submit": null,
                  "sms_number_title": null,
                  "sms_username_format": null,
                  "sponsor_back_link": null,
                  "sponsor_cancel": null,
                  "sponsor_email": null,
                  "sponsor_email_error": null,
                  "sponsor_info_approved": null,
                  "sponsor_info_denied": null,
                  "sponsor_info_pending": null,
                  "sponsor_name": null,
                  "sponsor_name_error": null,
                  "sponsor_note_pending": null,
                  "sponsor_request_access": null,
                  "sponsor_status_approved": null,
                  "sponsor_status_denied": null,
                  "sponsor_status_pending": null,
                  "sponsor_submit": null,
                  "sponsors_error": null,
                  "sponsors_field_label": null,
                  "tos_accept_label": null,
                  "tos_error": null,
                  "tos_link": null,
                  "tos_text": null,
                  "uth_button_amazon": null
                },
                "es-ES": {
                  "auth_button_amazon": null,
                  "auth_button_azure": null,
                  "auth_button_email": null,
                  "auth_button_facebook": null,
                  "auth_button_google": null,
                  "auth_button_microsoft": null,
                  "auth_button_passphrase": null,
                  "auth_button_sms": null,
                  "auth_button_sponsor": null,
                  "auth_label": null,
                  "back_link": null,
                  "company_error": null,
                  "company_label": null,
                  "email_access_domain_error": null,
                  "email_cancel": null,
                  "email_code_cancel": null,
                  "email_code_error": null,
                  "email_code_field_label": null,
                  "email_code_message": null,
                  "email_code_submit": null,
                  "email_code_title": null,
                  "email_error": null,
                  "email_field_label": null,
                  "email_label": null,
                  "email_message": null,
                  "email_submit": null,
                  "email_title": null,
                  "field1error": null,
                  "field1label": null,
                  "field2error": null,
                  "field2label": null,
                  "field3error": null,
                  "field3label": null,
                  "field4error": null,
                  "field4label": null,
                  "message": null,
                  "name_error": null,
                  "name_label": null,
                  "optout_label": null,
                  "page_title": null,
                  "passphrase_cancel": null,
                  "passphrase_error": null,
                  "passphrase_label": null,
                  "passphrase_message": null,
                  "passphrase_submit": null,
                  "passphrase_title": null,
                  "privacy_policy_accept_label": null,
                  "privacy_policy_error": null,
                  "privacy_policy_link": null,
                  "privacy_policy_text": null,
                  "required_field_label": null,
                  "sign_in_label": null,
                  "sms_carrier_default": null,
                  "sms_carrier_error": null,
                  "sms_carrier_field_label": null,
                  "sms_code_cancel": null,
                  "sms_code_error": null,
                  "sms_code_field_label": null,
                  "sms_code_message": null,
                  "sms_code_submit": null,
                  "sms_code_title": null,
                  "sms_country_field_label": null,
                  "sms_country_format": null,
                  "sms_have_access_code": "a",
                  "sms_message_format": null,
                  "sms_number_cancel": null,
                  "sms_number_error": null,
                  "sms_number_field_label": null,
                  "sms_number_format": null,
                  "sms_number_message": null,
                  "sms_number_submit": null,
                  "sms_number_title": null,
                  "sms_username_format": null,
                  "sponsor_back_link": null,
                  "sponsor_cancel": null,
                  "sponsor_email": null,
                  "sponsor_email_error": null,
                  "sponsor_info_approved": null,
                  "sponsor_info_denied": null,
                  "sponsor_info_pending": null,
                  "sponsor_name": null,
                  "sponsor_name_error": null,
                  "sponsor_note_pending": null,
                  "sponsor_request_access": null,
                  "sponsor_status_approved": null,
                  "sponsor_status_denied": null,
                  "sponsor_status_pending": null,
                  "sponsor_submit": null,
                  "sponsors_error": null,
                  "sponsors_field_label": null,
                  "tos_accept_label": null,
                  "tos_error": null,
                  "tos_link": null,
                  "tos_text": null,
                  "uth_button_amazon": null
                },
                "fi-FI": {
                  "auth_button_amazon": null,
                  "auth_button_azure": null,
                  "auth_button_email": null,
                  "auth_button_facebook": null,
                  "auth_button_google": null,
                  "auth_button_microsoft": null,
                  "auth_button_passphrase": null,
                  "auth_button_sms": null,
                  "auth_button_sponsor": null,
                  "auth_label": null,
                  "back_link": null,
                  "company_error": null,
                  "company_label": null,
                  "email_access_domain_error": null,
                  "email_cancel": null,
                  "email_code_cancel": null,
                  "email_code_error": null,
                  "email_code_field_label": null,
                  "email_code_message": null,
                  "email_code_submit": null,
                  "email_code_title": null,
                  "email_error": null,
                  "email_field_label": null,
                  "email_label": null,
                  "email_message": null,
                  "email_submit": null,
                  "email_title": null,
                  "field1error": null,
                  "field1label": null,
                  "field2error": null,
                  "field2label": null,
                  "field3error": null,
                  "field3label": null,
                  "field4error": null,
                  "field4label": null,
                  "message": null,
                  "name_error": null,
                  "name_label": null,
                  "optout_label": null,
                  "page_title": null,
                  "passphrase_cancel": null,
                  "passphrase_error": null,
                  "passphrase_label": null,
                  "passphrase_message": null,
                  "passphrase_submit": null,
                  "passphrase_title": null,
                  "privacy_policy_accept_label": null,
                  "privacy_policy_error": null,
                  "privacy_policy_link": null,
                  "privacy_policy_text": null,
                  "required_field_label": null,
                  "sign_in_label": null,
                  "sms_carrier_default": null,
                  "sms_carrier_error": null,
                  "sms_carrier_field_label": null,
                  "sms_code_cancel": null,
                  "sms_code_error": null,
                  "sms_code_field_label": null,
                  "sms_code_message": null,
                  "sms_code_submit": null,
                  "sms_code_title": null,
                  "sms_country_field_label": null,
                  "sms_country_format": null,
                  "sms_have_access_code": "a",
                  "sms_message_format": null,
                  "sms_number_cancel": null,
                  "sms_number_error": null,
                  "sms_number_field_label": null,
                  "sms_number_format": null,
                  "sms_number_message": null,
                  "sms_number_submit": null,
                  "sms_number_title": null,
                  "sms_username_format": null,
                  "sponsor_back_link": null,
                  "sponsor_cancel": null,
                  "sponsor_email": null,
                  "sponsor_email_error": null,
                  "sponsor_info_approved": null,
                  "sponsor_info_denied": null,
                  "sponsor_info_pending": null,
                  "sponsor_name": null,
                  "sponsor_name_error": null,
                  "sponsor_note_pending": null,
                  "sponsor_request_access": null,
                  "sponsor_status_approved": null,
                  "sponsor_status_denied": null,
                  "sponsor_status_pending": null,
                  "sponsor_submit": null,
                  "sponsors_error": null,
                  "sponsors_field_label": null,
                  "tos_accept_label": null,
                  "tos_error": null,
                  "tos_link": null,
                  "tos_text": null,
                  "uth_button_amazon": null
                },
                "fr-FR": {
                  "auth_button_amazon": null,
                  "auth_button_azure": null,
                  "auth_button_email": null,
                  "auth_button_facebook": null,
                  "auth_button_google": null,
                  "auth_button_microsoft": null,
                  "auth_button_passphrase": null,
                  "auth_button_sms": null,
                  "auth_button_sponsor": null,
                  "auth_label": null,
                  "back_link": null,
                  "company_error": null,
                  "company_label": null,
                  "email_access_domain_error": null,
                  "email_cancel": null,
                  "email_code_cancel": null,
                  "email_code_error": null,
                  "email_code_field_label": null,
                  "email_code_message": null,
                  "email_code_submit": null,
                  "email_code_title": null,
                  "email_error": null,
                  "email_field_label": null,
                  "email_label": null,
                  "email_message": null,
                  "email_submit": null,
                  "email_title": null,
                  "field1error": null,
                  "field1label": null,
                  "field2error": null,
                  "field2label": null,
                  "field3error": null,
                  "field3label": null,
                  "field4error": null,
                  "field4label": null,
                  "message": null,
                  "name_error": null,
                  "name_label": null,
                  "optout_label": null,
                  "page_title": null,
                  "passphrase_cancel": null,
                  "passphrase_error": null,
                  "passphrase_label": null,
                  "passphrase_message": null,
                  "passphrase_submit": null,
                  "passphrase_title": null,
                  "privacy_policy_accept_label": null,
                  "privacy_policy_error": null,
                  "privacy_policy_link": null,
                  "privacy_policy_text": null,
                  "required_field_label": null,
                  "sign_in_label": null,
                  "sms_carrier_default": null,
                  "sms_carrier_error": null,
                  "sms_carrier_field_label": null,
                  "sms_code_cancel": null,
                  "sms_code_error": null,
                  "sms_code_field_label": null,
                  "sms_code_message": null,
                  "sms_code_submit": null,
                  "sms_code_title": null,
                  "sms_country_field_label": null,
                  "sms_country_format": null,
                  "sms_have_access_code": null,
                  "sms_message_format": null,
                  "sms_number_cancel": null,
                  "sms_number_error": null,
                  "sms_number_field_label": null,
                  "sms_number_format": null,
                  "sms_number_message": null,
                  "sms_number_submit": null,
                  "sms_number_title": null,
                  "sms_username_format": null,
                  "sponsor_back_link": null,
                  "sponsor_cancel": null,
                  "sponsor_email": null,
                  "sponsor_email_error": null,
                  "sponsor_info_approved": null,
                  "sponsor_info_denied": null,
                  "sponsor_info_pending": null,
                  "sponsor_name": null,
                  "sponsor_name_error": null,
                  "sponsor_note_pending": null,
                  "sponsor_request_access": null,
                  "sponsor_status_approved": "test portal 2",
                  "sponsor_status_denied": null,
                  "sponsor_status_pending": null,
                  "sponsor_submit": null,
                  "sponsors_error": null,
                  "sponsors_field_label": null,
                  "tos_accept_label": null,
                  "tos_error": null,
                  "tos_link": null,
                  "tos_text": null,
                  "uth_button_amazon": null
                },
                "he-IL": {
                  "auth_button_amazon": null,
                  "auth_button_azure": null,
                  "auth_button_email": null,
                  "auth_button_facebook": null,
                  "auth_button_google": null,
                  "auth_button_microsoft": null,
                  "auth_button_passphrase": null,
                  "auth_button_sms": null,
                  "auth_button_sponsor": null,
                  "auth_label": null,
                  "back_link": null,
                  "company_error": null,
                  "company_label": null,
                  "email_access_domain_error": null,
                  "email_cancel": null,
                  "email_code_cancel": null,
                  "email_code_error": null,
                  "email_code_field_label": null,
                  "email_code_message": null,
                  "email_code_submit": null,
                  "email_code_title": null,
                  "email_error": null,
                  "email_field_label": null,
                  "email_label": null,
                  "email_message": null,
                  "email_submit": null,
                  "email_title": null,
                  "field1error": null,
                  "field1label": null,
                  "field2error": null,
                  "field2label": null,
                  "field3error": null,
                  "field3label": null,
                  "field4error": null,
                  "field4label": null,
                  "message": null,
                  "name_error": null,
                  "name_label": null,
                  "optout_label": null,
                  "page_title": null,
                  "passphrase_cancel": null,
                  "passphrase_error": null,
                  "passphrase_label": null,
                  "passphrase_message": null,
                  "passphrase_submit": null,
                  "passphrase_title": null,
                  "privacy_policy_accept_label": null,
                  "privacy_policy_error": null,
                  "privacy_policy_link": null,
                  "privacy_policy_text": null,
                  "required_field_label": null,
                  "sign_in_label": null,
                  "sms_carrier_default": null,
                  "sms_carrier_error": null,
                  "sms_carrier_field_label": null,
                  "sms_code_cancel": null,
                  "sms_code_error": null,
                  "sms_code_field_label": null,
                  "sms_code_message": null,
                  "sms_code_submit": null,
                  "sms_code_title": null,
                  "sms_country_field_label": null,
                  "sms_country_format": null,
                  "sms_have_access_code": "a",
                  "sms_message_format": null,
                  "sms_number_cancel": null,
                  "sms_number_error": null,
                  "sms_number_field_label": null,
                  "sms_number_format": null,
                  "sms_number_message": null,
                  "sms_number_submit": null,
                  "sms_number_title": null,
                  "sms_username_format": null,
                  "sponsor_back_link": null,
                  "sponsor_cancel": null,
                  "sponsor_email": null,
                  "sponsor_email_error": null,
                  "sponsor_info_approved": null,
                  "sponsor_info_denied": null,
                  "sponsor_info_pending": null,
                  "sponsor_name": null,
                  "sponsor_name_error": null,
                  "sponsor_note_pending": null,
                  "sponsor_request_access": null,
                  "sponsor_status_approved": null,
                  "sponsor_status_denied": null,
                  "sponsor_status_pending": null,
                  "sponsor_submit": null,
                  "sponsors_error": null,
                  "sponsors_field_label": null,
                  "tos_accept_label": null,
                  "tos_error": null,
                  "tos_link": null,
                  "tos_text": null,
                  "uth_button_amazon": null
                },
                "hi-IN": {
                  "auth_button_amazon": null,
                  "auth_button_azure": null,
                  "auth_button_email": null,
                  "auth_button_facebook": null,
                  "auth_button_google": null,
                  "auth_button_microsoft": null,
                  "auth_button_passphrase": null,
                  "auth_button_sms": null,
                  "auth_button_sponsor": null,
                  "auth_label": null,
                  "back_link": null,
                  "company_error": null,
                  "company_label": null,
                  "email_access_domain_error": null,
                  "email_cancel": null,
                  "email_code_cancel": null,
                  "email_code_error": null,
                  "email_code_field_label": null,
                  "email_code_message": null,
                  "email_code_submit": null,
                  "email_code_title": null,
                  "email_error": null,
                  "email_field_label": null,
                  "email_label": null,
                  "email_message": null,
                  "email_submit": null,
                  "email_title": null,
                  "field1error": null,
                  "field1label": null,
                  "field2error": null,
                  "field2label": null,
                  "field3error": null,
                  "field3label": null,
                  "field4error": null,
                  "field4label": null,
                  "message": null,
                  "name_error": null,
                  "name_label": null,
                  "optout_label": null,
                  "page_title": null,
                  "passphrase_cancel": null,
                  "passphrase_error": null,
                  "passphrase_label": null,
                  "passphrase_message": null,
                  "passphrase_submit": null,
                  "passphrase_title": null,
                  "privacy_policy_accept_label": null,
                  "privacy_policy_error": null,
                  "privacy_policy_link": null,
                  "privacy_policy_text": null,
                  "required_field_label": null,
                  "sign_in_label": null,
                  "sms_carrier_default": null,
                  "sms_carrier_error": null,
                  "sms_carrier_field_label": null,
                  "sms_code_cancel": null,
                  "sms_code_error": null,
                  "sms_code_field_label": null,
                  "sms_code_message": null,
                  "sms_code_submit": null,
                  "sms_code_title": null,
                  "sms_country_field_label": null,
                  "sms_country_format": null,
                  "sms_have_access_code": "a",
                  "sms_message_format": null,
                  "sms_number_cancel": null,
                  "sms_number_error": null,
                  "sms_number_field_label": null,
                  "sms_number_format": null,
                  "sms_number_message": null,
                  "sms_number_submit": null,
                  "sms_number_title": null,
                  "sms_username_format": null,
                  "sponsor_back_link": null,
                  "sponsor_cancel": null,
                  "sponsor_email": null,
                  "sponsor_email_error": null,
                  "sponsor_info_approved": null,
                  "sponsor_info_denied": null,
                  "sponsor_info_pending": null,
                  "sponsor_name": null,
                  "sponsor_name_error": null,
                  "sponsor_note_pending": null,
                  "sponsor_request_access": null,
                  "sponsor_status_approved": null,
                  "sponsor_status_denied": null,
                  "sponsor_status_pending": null,
                  "sponsor_submit": null,
                  "sponsors_error": null,
                  "sponsors_field_label": null,
                  "tos_accept_label": null,
                  "tos_error": null,
                  "tos_link": null,
                  "tos_text": null,
                  "uth_button_amazon": null
                },
                "hr-HR": {
                  "auth_button_amazon": null,
                  "auth_button_azure": null,
                  "auth_button_email": null,
                  "auth_button_facebook": null,
                  "auth_button_google": null,
                  "auth_button_microsoft": null,
                  "auth_button_passphrase": null,
                  "auth_button_sms": null,
                  "auth_button_sponsor": null,
                  "auth_label": null,
                  "back_link": null,
                  "company_error": null,
                  "company_label": null,
                  "email_access_domain_error": null,
                  "email_cancel": null,
                  "email_code_cancel": null,
                  "email_code_error": null,
                  "email_code_field_label": null,
                  "email_code_message": null,
                  "email_code_submit": null,
                  "email_code_title": null,
                  "email_error": null,
                  "email_field_label": null,
                  "email_label": null,
                  "email_message": null,
                  "email_submit": null,
                  "email_title": null,
                  "field1error": null,
                  "field1label": null,
                  "field2error": null,
                  "field2label": null,
                  "field3error": null,
                  "field3label": null,
                  "field4error": null,
                  "field4label": null,
                  "message": null,
                  "name_error": null,
                  "name_label": null,
                  "optout_label": null,
                  "page_title": null,
                  "passphrase_cancel": null,
                  "passphrase_error": null,
                  "passphrase_label": null,
                  "passphrase_message": null,
                  "passphrase_submit": null,
                  "passphrase_title": null,
                  "privacy_policy_accept_label": null,
                  "privacy_policy_error": null,
                  "privacy_policy_link": null,
                  "privacy_policy_text": null,
                  "required_field_label": null,
                  "sign_in_label": null,
                  "sms_carrier_default": null,
                  "sms_carrier_error": null,
                  "sms_carrier_field_label": null,
                  "sms_code_cancel": null,
                  "sms_code_error": null,
                  "sms_code_field_label": null,
                  "sms_code_message": null,
                  "sms_code_submit": null,
                  "sms_code_title": null,
                  "sms_country_field_label": null,
                  "sms_country_format": null,
                  "sms_have_access_code": "a",
                  "sms_message_format": null,
                  "sms_number_cancel": null,
                  "sms_number_error": null,
                  "sms_number_field_label": null,
                  "sms_number_format": null,
                  "sms_number_message": null,
                  "sms_number_submit": null,
                  "sms_number_title": null,
                  "sms_username_format": null,
                  "sponsor_back_link": null,
                  "sponsor_cancel": null,
                  "sponsor_email": null,
                  "sponsor_email_error": null,
                  "sponsor_info_approved": null,
                  "sponsor_info_denied": null,
                  "sponsor_info_pending": null,
                  "sponsor_name": null,
                  "sponsor_name_error": null,
                  "sponsor_note_pending": null,
                  "sponsor_request_access": null,
                  "sponsor_status_approved": null,
                  "sponsor_status_denied": null,
                  "sponsor_status_pending": null,
                  "sponsor_submit": null,
                  "sponsors_error": null,
                  "sponsors_field_label": null,
                  "tos_accept_label": null,
                  "tos_error": null,
                  "tos_link": null,
                  "tos_text": null,
                  "uth_button_amazon": null
                },
                "hu-HU": {
                  "auth_button_amazon": null,
                  "auth_button_azure": null,
                  "auth_button_email": null,
                  "auth_button_facebook": null,
                  "auth_button_google": null,
                  "auth_button_microsoft": null,
                  "auth_button_passphrase": null,
                  "auth_button_sms": null,
                  "auth_button_sponsor": null,
                  "auth_label": null,
                  "back_link": null,
                  "company_error": null,
                  "company_label": null,
                  "email_access_domain_error": null,
                  "email_cancel": null,
                  "email_code_cancel": null,
                  "email_code_error": null,
                  "email_code_field_label": null,
                  "email_code_message": null,
                  "email_code_submit": null,
                  "email_code_title": null,
                  "email_error": null,
                  "email_field_label": null,
                  "email_label": null,
                  "email_message": null,
                  "email_submit": null,
                  "email_title": null,
                  "field1error": null,
                  "field1label": null,
                  "field2error": null,
                  "field2label": null,
                  "field3error": null,
                  "field3label": null,
                  "field4error": null,
                  "field4label": null,
                  "message": null,
                  "name_error": null,
                  "name_label": null,
                  "optout_label": null,
                  "page_title": null,
                  "passphrase_cancel": null,
                  "passphrase_error": null,
                  "passphrase_label": null,
                  "passphrase_message": null,
                  "passphrase_submit": null,
                  "passphrase_title": null,
                  "privacy_policy_accept_label": null,
                  "privacy_policy_error": null,
                  "privacy_policy_link": null,
                  "privacy_policy_text": null,
                  "required_field_label": null,
                  "sign_in_label": null,
                  "sms_carrier_default": null,
                  "sms_carrier_error": null,
                  "sms_carrier_field_label": null,
                  "sms_code_cancel": null,
                  "sms_code_error": null,
                  "sms_code_field_label": null,
                  "sms_code_message": null,
                  "sms_code_submit": null,
                  "sms_code_title": null,
                  "sms_country_field_label": null,
                  "sms_country_format": null,
                  "sms_have_access_code": "a",
                  "sms_message_format": null,
                  "sms_number_cancel": null,
                  "sms_number_error": null,
                  "sms_number_field_label": null,
                  "sms_number_format": null,
                  "sms_number_message": null,
                  "sms_number_submit": null,
                  "sms_number_title": null,
                  "sms_username_format": null,
                  "sponsor_back_link": null,
                  "sponsor_cancel": null,
                  "sponsor_email": null,
                  "sponsor_email_error": null,
                  "sponsor_info_approved": null,
                  "sponsor_info_denied": null,
                  "sponsor_info_pending": null,
                  "sponsor_name": null,
                  "sponsor_name_error": null,
                  "sponsor_note_pending": null,
                  "sponsor_request_access": null,
                  "sponsor_status_approved": null,
                  "sponsor_status_denied": null,
                  "sponsor_status_pending": null,
                  "sponsor_submit": null,
                  "sponsors_error": null,
                  "sponsors_field_label": null,
                  "tos_accept_label": null,
                  "tos_error": null,
                  "tos_link": null,
                  "tos_text": null,
                  "uth_button_amazon": null
                },
                "id-ID": {
                  "auth_button_amazon": null,
                  "auth_button_azure": null,
                  "auth_button_email": null,
                  "auth_button_facebook": null,
                  "auth_button_google": null,
                  "auth_button_microsoft": null,
                  "auth_button_passphrase": null,
                  "auth_button_sms": null,
                  "auth_button_sponsor": null,
                  "auth_label": null,
                  "back_link": null,
                  "company_error": null,
                  "company_label": null,
                  "email_access_domain_error": null,
                  "email_cancel": null,
                  "email_code_cancel": null,
                  "email_code_error": null,
                  "email_code_field_label": null,
                  "email_code_message": null,
                  "email_code_submit": null,
                  "email_code_title": null,
                  "email_error": null,
                  "email_field_label": null,
                  "email_label": null,
                  "email_message": null,
                  "email_submit": null,
                  "email_title": null,
                  "field1error": null,
                  "field1label": null,
                  "field2error": null,
                  "field2label": null,
                  "field3error": null,
                  "field3label": null,
                  "field4error": null,
                  "field4label": null,
                  "message": null,
                  "name_error": null,
                  "name_label": null,
                  "optout_label": null,
                  "page_title": null,
                  "passphrase_cancel": null,
                  "passphrase_error": null,
                  "passphrase_label": null,
                  "passphrase_message": null,
                  "passphrase_submit": null,
                  "passphrase_title": null,
                  "privacy_policy_accept_label": null,
                  "privacy_policy_error": null,
                  "privacy_policy_link": null,
                  "privacy_policy_text": null,
                  "required_field_label": null,
                  "sign_in_label": null,
                  "sms_carrier_default": null,
                  "sms_carrier_error": null,
                  "sms_carrier_field_label": null,
                  "sms_code_cancel": null,
                  "sms_code_error": null,
                  "sms_code_field_label": null,
                  "sms_code_message": null,
                  "sms_code_submit": null,
                  "sms_code_title": null,
                  "sms_country_field_label": null,
                  "sms_country_format": null,
                  "sms_have_access_code": "a",
                  "sms_message_format": null,
                  "sms_number_cancel": null,
                  "sms_number_error": null,
                  "sms_number_field_label": null,
                  "sms_number_format": null,
                  "sms_number_message": null,
                  "sms_number_submit": null,
                  "sms_number_title": null,
                  "sms_username_format": null,
                  "sponsor_back_link": null,
                  "sponsor_cancel": null,
                  "sponsor_email": null,
                  "sponsor_email_error": null,
                  "sponsor_info_approved": null,
                  "sponsor_info_denied": null,
                  "sponsor_info_pending": null,
                  "sponsor_name": null,
                  "sponsor_name_error": null,
                  "sponsor_note_pending": null,
                  "sponsor_request_access": null,
                  "sponsor_status_approved": null,
                  "sponsor_status_denied": null,
                  "sponsor_status_pending": null,
                  "sponsor_submit": null,
                  "sponsors_error": null,
                  "sponsors_field_label": null,
                  "tos_accept_label": null,
                  "tos_error": null,
                  "tos_link": null,
                  "tos_text": null,
                  "uth_button_amazon": null
                },
                "it-IT": {
                  "auth_button_amazon": null,
                  "auth_button_azure": null,
                  "auth_button_email": null,
                  "auth_button_facebook": null,
                  "auth_button_google": null,
                  "auth_button_microsoft": null,
                  "auth_button_passphrase": null,
                  "auth_button_sms": null,
                  "auth_button_sponsor": null,
                  "auth_label": null,
                  "back_link": null,
                  "company_error": null,
                  "company_label": null,
                  "email_access_domain_error": null,
                  "email_cancel": null,
                  "email_code_cancel": null,
                  "email_code_error": null,
                  "email_code_field_label": null,
                  "email_code_message": null,
                  "email_code_submit": null,
                  "email_code_title": null,
                  "email_error": null,
                  "email_field_label": null,
                  "email_label": null,
                  "email_message": null,
                  "email_submit": null,
                  "email_title": null,
                  "field1error": null,
                  "field1label": null,
                  "field2error": null,
                  "field2label": null,
                  "field3error": null,
                  "field3label": null,
                  "field4error": null,
                  "field4label": null,
                  "message": null,
                  "name_error": null,
                  "name_label": null,
                  "optout_label": null,
                  "page_title": null,
                  "passphrase_cancel": null,
                  "passphrase_error": null,
                  "passphrase_label": null,
                  "passphrase_message": null,
                  "passphrase_submit": null,
                  "passphrase_title": null,
                  "privacy_policy_accept_label": null,
                  "privacy_policy_error": null,
                  "privacy_policy_link": null,
                  "privacy_policy_text": null,
                  "required_field_label": null,
                  "sign_in_label": null,
                  "sms_carrier_default": null,
                  "sms_carrier_error": null,
                  "sms_carrier_field_label": null,
                  "sms_code_cancel": null,
                  "sms_code_error": null,
                  "sms_code_field_label": null,
                  "sms_code_message": null,
                  "sms_code_submit": null,
                  "sms_code_title": null,
                  "sms_country_field_label": null,
                  "sms_country_format": null,
                  "sms_have_access_code": "a",
                  "sms_message_format": null,
                  "sms_number_cancel": null,
                  "sms_number_error": null,
                  "sms_number_field_label": null,
                  "sms_number_format": null,
                  "sms_number_message": null,
                  "sms_number_submit": null,
                  "sms_number_title": null,
                  "sms_username_format": null,
                  "sponsor_back_link": null,
                  "sponsor_cancel": null,
                  "sponsor_email": null,
                  "sponsor_email_error": null,
                  "sponsor_info_approved": null,
                  "sponsor_info_denied": null,
                  "sponsor_info_pending": null,
                  "sponsor_name": null,
                  "sponsor_name_error": null,
                  "sponsor_note_pending": null,
                  "sponsor_request_access": null,
                  "sponsor_status_approved": null,
                  "sponsor_status_denied": null,
                  "sponsor_status_pending": null,
                  "sponsor_submit": null,
                  "sponsors_error": null,
                  "sponsors_field_label": null,
                  "tos_accept_label": null,
                  "tos_error": null,
                  "tos_link": null,
                  "tos_text": null,
                  "uth_button_amazon": null
                },
                "ja-JP": {
                  "auth_button_amazon": null,
                  "auth_button_azure": null,
                  "auth_button_email": null,
                  "auth_button_facebook": null,
                  "auth_button_google": null,
                  "auth_button_microsoft": null,
                  "auth_button_passphrase": null,
                  "auth_button_sms": null,
                  "auth_button_sponsor": null,
                  "auth_label": null,
                  "back_link": null,
                  "company_error": null,
                  "company_label": null,
                  "email_access_domain_error": null,
                  "email_cancel": null,
                  "email_code_cancel": null,
                  "email_code_error": null,
                  "email_code_field_label": null,
                  "email_code_message": null,
                  "email_code_submit": null,
                  "email_code_title": null,
                  "email_error": null,
                  "email_field_label": null,
                  "email_label": null,
                  "email_message": null,
                  "email_submit": null,
                  "email_title": null,
                  "field1error": null,
                  "field1label": null,
                  "field2error": null,
                  "field2label": null,
                  "field3error": null,
                  "field3label": null,
                  "field4error": null,
                  "field4label": null,
                  "message": null,
                  "name_error": null,
                  "name_label": null,
                  "optout_label": null,
                  "page_title": null,
                  "passphrase_cancel": null,
                  "passphrase_error": null,
                  "passphrase_label": null,
                  "passphrase_message": null,
                  "passphrase_submit": null,
                  "passphrase_title": null,
                  "privacy_policy_accept_label": null,
                  "privacy_policy_error": null,
                  "privacy_policy_link": null,
                  "privacy_policy_text": null,
                  "required_field_label": null,
                  "sign_in_label": null,
                  "sms_carrier_default": null,
                  "sms_carrier_error": null,
                  "sms_carrier_field_label": null,
                  "sms_code_cancel": null,
                  "sms_code_error": null,
                  "sms_code_field_label": null,
                  "sms_code_message": null,
                  "sms_code_submit": null,
                  "sms_code_title": null,
                  "sms_country_field_label": null,
                  "sms_country_format": null,
                  "sms_have_access_code": "a",
                  "sms_message_format": null,
                  "sms_number_cancel": null,
                  "sms_number_error": null,
                  "sms_number_field_label": null,
                  "sms_number_format": null,
                  "sms_number_message": null,
                  "sms_number_submit": null,
                  "sms_number_title": null,
                  "sms_username_format": null,
                  "sponsor_back_link": null,
                  "sponsor_cancel": null,
                  "sponsor_email": null,
                  "sponsor_email_error": null,
                  "sponsor_info_approved": null,
                  "sponsor_info_denied": null,
                  "sponsor_info_pending": null,
                  "sponsor_name": null,
                  "sponsor_name_error": null,
                  "sponsor_note_pending": null,
                  "sponsor_request_access": null,
                  "sponsor_status_approved": null,
                  "sponsor_status_denied": null,
                  "sponsor_status_pending": null,
                  "sponsor_submit": null,
                  "sponsors_error": null,
                  "sponsors_field_label": null,
                  "tos_accept_label": null,
                  "tos_error": null,
                  "tos_link": null,
                  "tos_text": null,
                  "uth_button_amazon": null
                },
                "ko-KR": {
                  "auth_button_amazon": null,
                  "auth_button_azure": null,
                  "auth_button_email": null,
                  "auth_button_facebook": null,
                  "auth_button_google": null,
                  "auth_button_microsoft": null,
                  "auth_button_passphrase": null,
                  "auth_button_sms": null,
                  "auth_button_sponsor": null,
                  "auth_label": null,
                  "back_link": null,
                  "company_error": null,
                  "company_label": null,
                  "email_access_domain_error": null,
                  "email_cancel": null,
                  "email_code_cancel": null,
                  "email_code_error": null,
                  "email_code_field_label": null,
                  "email_code_message": null,
                  "email_code_submit": null,
                  "email_code_title": null,
                  "email_error": null,
                  "email_field_label": null,
                  "email_label": null,
                  "email_message": null,
                  "email_submit": null,
                  "email_title": null,
                  "field1error": null,
                  "field1label": null,
                  "field2error": null,
                  "field2label": null,
                  "field3error": null,
                  "field3label": null,
                  "field4error": null,
                  "field4label": null,
                  "message": null,
                  "name_error": null,
                  "name_label": null,
                  "optout_label": null,
                  "page_title": null,
                  "passphrase_cancel": null,
                  "passphrase_error": null,
                  "passphrase_label": null,
                  "passphrase_message": null,
                  "passphrase_submit": null,
                  "passphrase_title": null,
                  "privacy_policy_accept_label": null,
                  "privacy_policy_error": null,
                  "privacy_policy_link": null,
                  "privacy_policy_text": null,
                  "required_field_label": null,
                  "sign_in_label": null,
                  "sms_carrier_default": null,
                  "sms_carrier_error": null,
                  "sms_carrier_field_label": null,
                  "sms_code_cancel": null,
                  "sms_code_error": null,
                  "sms_code_field_label": null,
                  "sms_code_message": null,
                  "sms_code_submit": null,
                  "sms_code_title": null,
                  "sms_country_field_label": null,
                  "sms_country_format": null,
                  "sms_have_access_code": "a",
                  "sms_message_format": null,
                  "sms_number_cancel": null,
                  "sms_number_error": null,
                  "sms_number_field_label": null,
                  "sms_number_format": null,
                  "sms_number_message": null,
                  "sms_number_submit": null,
                  "sms_number_title": null,
                  "sms_username_format": null,
                  "sponsor_back_link": null,
                  "sponsor_cancel": null,
                  "sponsor_email": null,
                  "sponsor_email_error": null,
                  "sponsor_info_approved": null,
                  "sponsor_info_denied": null,
                  "sponsor_info_pending": null,
                  "sponsor_name": null,
                  "sponsor_name_error": null,
                  "sponsor_note_pending": null,
                  "sponsor_request_access": null,
                  "sponsor_status_approved": null,
                  "sponsor_status_denied": null,
                  "sponsor_status_pending": null,
                  "sponsor_submit": null,
                  "sponsors_error": null,
                  "sponsors_field_label": null,
                  "tos_accept_label": null,
                  "tos_error": null,
                  "tos_link": null,
                  "tos_text": null,
                  "uth_button_amazon": null
                },
                "ms-MY": {
                  "auth_button_amazon": null,
                  "auth_button_azure": null,
                  "auth_button_email": null,
                  "auth_button_facebook": null,
                  "auth_button_google": null,
                  "auth_button_microsoft": null,
                  "auth_button_passphrase": null,
                  "auth_button_sms": null,
                  "auth_button_sponsor": null,
                  "auth_label": null,
                  "back_link": null,
                  "company_error": null,
                  "company_label": null,
                  "email_access_domain_error": null,
                  "email_cancel": null,
                  "email_code_cancel": null,
                  "email_code_error": null,
                  "email_code_field_label": null,
                  "email_code_message": null,
                  "email_code_submit": null,
                  "email_code_title": null,
                  "email_error": null,
                  "email_field_label": null,
                  "email_label": null,
                  "email_message": null,
                  "email_submit": null,
                  "email_title": null,
                  "field1error": null,
                  "field1label": null,
                  "field2error": null,
                  "field2label": null,
                  "field3error": null,
                  "field3label": null,
                  "field4error": null,
                  "field4label": null,
                  "message": null,
                  "name_error": null,
                  "name_label": null,
                  "optout_label": null,
                  "page_title": null,
                  "passphrase_cancel": null,
                  "passphrase_error": null,
                  "passphrase_label": null,
                  "passphrase_message": null,
                  "passphrase_submit": null,
                  "passphrase_title": null,
                  "privacy_policy_accept_label": null,
                  "privacy_policy_error": null,
                  "privacy_policy_link": null,
                  "privacy_policy_text": null,
                  "required_field_label": null,
                  "sign_in_label": null,
                  "sms_carrier_default": null,
                  "sms_carrier_error": null,
                  "sms_carrier_field_label": null,
                  "sms_code_cancel": null,
                  "sms_code_error": null,
                  "sms_code_field_label": null,
                  "sms_code_message": null,
                  "sms_code_submit": null,
                  "sms_code_title": null,
                  "sms_country_field_label": null,
                  "sms_country_format": null,
                  "sms_have_access_code": "a",
                  "sms_message_format": null,
                  "sms_number_cancel": null,
                  "sms_number_error": null,
                  "sms_number_field_label": null,
                  "sms_number_format": null,
                  "sms_number_message": null,
                  "sms_number_submit": null,
                  "sms_number_title": null,
                  "sms_username_format": null,
                  "sponsor_back_link": null,
                  "sponsor_cancel": null,
                  "sponsor_email": null,
                  "sponsor_email_error": null,
                  "sponsor_info_approved": null,
                  "sponsor_info_denied": null,
                  "sponsor_info_pending": null,
                  "sponsor_name": null,
                  "sponsor_name_error": null,
                  "sponsor_note_pending": null,
                  "sponsor_request_access": null,
                  "sponsor_status_approved": null,
                  "sponsor_status_denied": null,
                  "sponsor_status_pending": null,
                  "sponsor_submit": null,
                  "sponsors_error": null,
                  "sponsors_field_label": null,
                  "tos_accept_label": null,
                  "tos_error": null,
                  "tos_link": null,
                  "tos_text": null,
                  "uth_button_amazon": null
                },
                "nb-NO": {
                  "auth_button_amazon": null,
                  "auth_button_azure": null,
                  "auth_button_email": null,
                  "auth_button_facebook": null,
                  "auth_button_google": null,
                  "auth_button_microsoft": null,
                  "auth_button_passphrase": null,
                  "auth_button_sms": null,
                  "auth_button_sponsor": null,
                  "auth_label": null,
                  "back_link": null,
                  "company_error": null,
                  "company_label": null,
                  "email_access_domain_error": null,
                  "email_cancel": null,
                  "email_code_cancel": null,
                  "email_code_error": null,
                  "email_code_field_label": null,
                  "email_code_message": null,
                  "email_code_submit": null,
                  "email_code_title": null,
                  "email_error": null,
                  "email_field_label": null,
                  "email_label": null,
                  "email_message": null,
                  "email_submit": null,
                  "email_title": null,
                  "field1error": null,
                  "field1label": null,
                  "field2error": null,
                  "field2label": null,
                  "field3error": null,
                  "field3label": null,
                  "field4error": null,
                  "field4label": null,
                  "message": null,
                  "name_error": null,
                  "name_label": null,
                  "optout_label": null,
                  "page_title": null,
                  "passphrase_cancel": null,
                  "passphrase_error": null,
                  "passphrase_label": null,
                  "passphrase_message": null,
                  "passphrase_submit": null,
                  "passphrase_title": null,
                  "privacy_policy_accept_label": null,
                  "privacy_policy_error": null,
                  "privacy_policy_link": null,
                  "privacy_policy_text": null,
                  "required_field_label": null,
                  "sign_in_label": null,
                  "sms_carrier_default": null,
                  "sms_carrier_error": null,
                  "sms_carrier_field_label": null,
                  "sms_code_cancel": null,
                  "sms_code_error": null,
                  "sms_code_field_label": null,
                  "sms_code_message": null,
                  "sms_code_submit": null,
                  "sms_code_title": null,
                  "sms_country_field_label": null,
                  "sms_country_format": null,
                  "sms_have_access_code": "a",
                  "sms_message_format": null,
                  "sms_number_cancel": null,
                  "sms_number_error": null,
                  "sms_number_field_label": null,
                  "sms_number_format": null,
                  "sms_number_message": null,
                  "sms_number_submit": null,
                  "sms_number_title": null,
                  "sms_username_format": null,
                  "sponsor_back_link": null,
                  "sponsor_cancel": null,
                  "sponsor_email": null,
                  "sponsor_email_error": null,
                  "sponsor_info_approved": null,
                  "sponsor_info_denied": null,
                  "sponsor_info_pending": null,
                  "sponsor_name": null,
                  "sponsor_name_error": null,
                  "sponsor_note_pending": null,
                  "sponsor_request_access": null,
                  "sponsor_status_approved": null,
                  "sponsor_status_denied": null,
                  "sponsor_status_pending": null,
                  "sponsor_submit": null,
                  "sponsors_error": null,
                  "sponsors_field_label": null,
                  "tos_accept_label": null,
                  "tos_error": null,
                  "tos_link": null,
                  "tos_text": null,
                  "uth_button_amazon": null
                },
                "nl-NL": {
                  "auth_button_amazon": null,
                  "auth_button_azure": null,
                  "auth_button_email": null,
                  "auth_button_facebook": null,
                  "auth_button_google": null,
                  "auth_button_microsoft": null,
                  "auth_button_passphrase": null,
                  "auth_button_sms": null,
                  "auth_button_sponsor": null,
                  "auth_label": null,
                  "back_link": null,
                  "company_error": null,
                  "company_label": null,
                  "email_access_domain_error": null,
                  "email_cancel": null,
                  "email_code_cancel": null,
                  "email_code_error": null,
                  "email_code_field_label": null,
                  "email_code_message": null,
                  "email_code_submit": null,
                  "email_code_title": null,
                  "email_error": null,
                  "email_field_label": null,
                  "email_label": null,
                  "email_message": null,
                  "email_submit": null,
                  "email_title": null,
                  "field1error": null,
                  "field1label": null,
                  "field2error": null,
                  "field2label": null,
                  "field3error": null,
                  "field3label": null,
                  "field4error": null,
                  "field4label": null,
                  "message": null,
                  "name_error": null,
                  "name_label": null,
                  "optout_label": null,
                  "page_title": null,
                  "passphrase_cancel": null,
                  "passphrase_error": null,
                  "passphrase_label": null,
                  "passphrase_message": null,
                  "passphrase_submit": null,
                  "passphrase_title": null,
                  "privacy_policy_accept_label": null,
                  "privacy_policy_error": null,
                  "privacy_policy_link": null,
                  "privacy_policy_text": null,
                  "required_field_label": null,
                  "sign_in_label": null,
                  "sms_carrier_default": null,
                  "sms_carrier_error": null,
                  "sms_carrier_field_label": null,
                  "sms_code_cancel": null,
                  "sms_code_error": null,
                  "sms_code_field_label": null,
                  "sms_code_message": null,
                  "sms_code_submit": null,
                  "sms_code_title": null,
                  "sms_country_field_label": null,
                  "sms_country_format": null,
                  "sms_have_access_code": "a",
                  "sms_message_format": null,
                  "sms_number_cancel": null,
                  "sms_number_error": null,
                  "sms_number_field_label": null,
                  "sms_number_format": null,
                  "sms_number_message": null,
                  "sms_number_submit": null,
                  "sms_number_title": null,
                  "sms_username_format": null,
                  "sponsor_back_link": null,
                  "sponsor_cancel": null,
                  "sponsor_email": null,
                  "sponsor_email_error": null,
                  "sponsor_info_approved": null,
                  "sponsor_info_denied": null,
                  "sponsor_info_pending": null,
                  "sponsor_name": null,
                  "sponsor_name_error": null,
                  "sponsor_note_pending": null,
                  "sponsor_request_access": null,
                  "sponsor_status_approved": null,
                  "sponsor_status_denied": null,
                  "sponsor_status_pending": null,
                  "sponsor_submit": null,
                  "sponsors_error": null,
                  "sponsors_field_label": null,
                  "tos_accept_label": null,
                  "tos_error": null,
                  "tos_link": null,
                  "tos_text": null,
                  "uth_button_amazon": null
                },
                "pl-PL": {
                  "auth_button_amazon": null,
                  "auth_button_azure": null,
                  "auth_button_email": null,
                  "auth_button_facebook": null,
                  "auth_button_google": null,
                  "auth_button_microsoft": null,
                  "auth_button_passphrase": null,
                  "auth_button_sms": null,
                  "auth_button_sponsor": null,
                  "auth_label": null,
                  "back_link": null,
                  "company_error": null,
                  "company_label": null,
                  "email_access_domain_error": null,
                  "email_cancel": null,
                  "email_code_cancel": null,
                  "email_code_error": null,
                  "email_code_field_label": null,
                  "email_code_message": null,
                  "email_code_submit": null,
                  "email_code_title": null,
                  "email_error": null,
                  "email_field_label": null,
                  "email_label": null,
                  "email_message": null,
                  "email_submit": null,
                  "email_title": null,
                  "field1error": null,
                  "field1label": null,
                  "field2error": null,
                  "field2label": null,
                  "field3error": null,
                  "field3label": null,
                  "field4error": null,
                  "field4label": null,
                  "message": null,
                  "name_error": null,
                  "name_label": null,
                  "optout_label": null,
                  "page_title": null,
                  "passphrase_cancel": null,
                  "passphrase_error": null,
                  "passphrase_label": null,
                  "passphrase_message": null,
                  "passphrase_submit": null,
                  "passphrase_title": null,
                  "privacy_policy_accept_label": null,
                  "privacy_policy_error": null,
                  "privacy_policy_link": null,
                  "privacy_policy_text": null,
                  "required_field_label": null,
                  "sign_in_label": null,
                  "sms_carrier_default": null,
                  "sms_carrier_error": null,
                  "sms_carrier_field_label": null,
                  "sms_code_cancel": null,
                  "sms_code_error": null,
                  "sms_code_field_label": null,
                  "sms_code_message": null,
                  "sms_code_submit": null,
                  "sms_code_title": null,
                  "sms_country_field_label": null,
                  "sms_country_format": null,
                  "sms_have_access_code": "a",
                  "sms_message_format": null,
                  "sms_number_cancel": null,
                  "sms_number_error": null,
                  "sms_number_field_label": null,
                  "sms_number_format": null,
                  "sms_number_message": null,
                  "sms_number_submit": null,
                  "sms_number_title": null,
                  "sms_username_format": null,
                  "sponsor_back_link": null,
                  "sponsor_cancel": null,
                  "sponsor_email": null,
                  "sponsor_email_error": null,
                  "sponsor_info_approved": null,
                  "sponsor_info_denied": null,
                  "sponsor_info_pending": null,
                  "sponsor_name": null,
                  "sponsor_name_error": null,
                  "sponsor_note_pending": null,
                  "sponsor_request_access": null,
                  "sponsor_status_approved": null,
                  "sponsor_status_denied": null,
                  "sponsor_status_pending": null,
                  "sponsor_submit": null,
                  "sponsors_error": null,
                  "sponsors_field_label": null,
                  "tos_accept_label": null,
                  "tos_error": null,
                  "tos_link": null,
                  "tos_text": null,
                  "uth_button_amazon": null
                },
                "pt-BR": {
                  "auth_button_amazon": null,
                  "auth_button_azure": null,
                  "auth_button_email": null,
                  "auth_button_facebook": null,
                  "auth_button_google": null,
                  "auth_button_microsoft": null,
                  "auth_button_passphrase": null,
                  "auth_button_sms": null,
                  "auth_button_sponsor": null,
                  "auth_label": null,
                  "back_link": null,
                  "company_error": null,
                  "company_label": null,
                  "email_access_domain_error": null,
                  "email_cancel": null,
                  "email_code_cancel": null,
                  "email_code_error": null,
                  "email_code_field_label": null,
                  "email_code_message": null,
                  "email_code_submit": null,
                  "email_code_title": null,
                  "email_error": null,
                  "email_field_label": null,
                  "email_label": null,
                  "email_message": null,
                  "email_submit": null,
                  "email_title": null,
                  "field1error": null,
                  "field1label": null,
                  "field2error": null,
                  "field2label": null,
                  "field3error": null,
                  "field3label": null,
                  "field4error": null,
                  "field4label": null,
                  "message": null,
                  "name_error": null,
                  "name_label": null,
                  "optout_label": null,
                  "page_title": null,
                  "passphrase_cancel": null,
                  "passphrase_error": null,
                  "passphrase_label": null,
                  "passphrase_message": null,
                  "passphrase_submit": null,
                  "passphrase_title": null,
                  "privacy_policy_accept_label": null,
                  "privacy_policy_error": null,
                  "privacy_policy_link": null,
                  "privacy_policy_text": null,
                  "required_field_label": null,
                  "sign_in_label": null,
                  "sms_carrier_default": null,
                  "sms_carrier_error": null,
                  "sms_carrier_field_label": null,
                  "sms_code_cancel": null,
                  "sms_code_error": null,
                  "sms_code_field_label": null,
                  "sms_code_message": null,
                  "sms_code_submit": null,
                  "sms_code_title": null,
                  "sms_country_field_label": null,
                  "sms_country_format": null,
                  "sms_have_access_code": "a",
                  "sms_message_format": null,
                  "sms_number_cancel": null,
                  "sms_number_error": null,
                  "sms_number_field_label": null,
                  "sms_number_format": null,
                  "sms_number_message": null,
                  "sms_number_submit": null,
                  "sms_number_title": null,
                  "sms_username_format": null,
                  "sponsor_back_link": null,
                  "sponsor_cancel": null,
                  "sponsor_email": null,
                  "sponsor_email_error": null,
                  "sponsor_info_approved": null,
                  "sponsor_info_denied": null,
                  "sponsor_info_pending": null,
                  "sponsor_name": null,
                  "sponsor_name_error": null,
                  "sponsor_note_pending": null,
                  "sponsor_request_access": null,
                  "sponsor_status_approved": null,
                  "sponsor_status_denied": null,
                  "sponsor_status_pending": null,
                  "sponsor_submit": null,
                  "sponsors_error": null,
                  "sponsors_field_label": null,
                  "tos_accept_label": null,
                  "tos_error": null,
                  "tos_link": null,
                  "tos_text": null,
                  "uth_button_amazon": null
                },
                "pt-PT": {
                  "auth_button_amazon": null,
                  "auth_button_azure": null,
                  "auth_button_email": null,
                  "auth_button_facebook": null,
                  "auth_button_google": null,
                  "auth_button_microsoft": null,
                  "auth_button_passphrase": null,
                  "auth_button_sms": null,
                  "auth_button_sponsor": null,
                  "auth_label": null,
                  "back_link": null,
                  "company_error": null,
                  "company_label": null,
                  "email_access_domain_error": null,
                  "email_cancel": null,
                  "email_code_cancel": null,
                  "email_code_error": null,
                  "email_code_field_label": null,
                  "email_code_message": null,
                  "email_code_submit": null,
                  "email_code_title": null,
                  "email_error": null,
                  "email_field_label": null,
                  "email_label": null,
                  "email_message": null,
                  "email_submit": null,
                  "email_title": null,
                  "field1error": null,
                  "field1label": null,
                  "field2error": null,
                  "field2label": null,
                  "field3error": null,
                  "field3label": null,
                  "field4error": null,
                  "field4label": null,
                  "message": null,
                  "name_error": null,
                  "name_label": null,
                  "optout_label": null,
                  "page_title": null,
                  "passphrase_cancel": null,
                  "passphrase_error": null,
                  "passphrase_label": null,
                  "passphrase_message": null,
                  "passphrase_submit": null,
                  "passphrase_title": null,
                  "privacy_policy_accept_label": null,
                  "privacy_policy_error": null,
                  "privacy_policy_link": null,
                  "privacy_policy_text": null,
                  "required_field_label": null,
                  "sign_in_label": null,
                  "sms_carrier_default": null,
                  "sms_carrier_error": null,
                  "sms_carrier_field_label": null,
                  "sms_code_cancel": null,
                  "sms_code_error": null,
                  "sms_code_field_label": null,
                  "sms_code_message": null,
                  "sms_code_submit": null,
                  "sms_code_title": null,
                  "sms_country_field_label": null,
                  "sms_country_format": null,
                  "sms_have_access_code": "a",
                  "sms_message_format": null,
                  "sms_number_cancel": null,
                  "sms_number_error": null,
                  "sms_number_field_label": null,
                  "sms_number_format": null,
                  "sms_number_message": null,
                  "sms_number_submit": null,
                  "sms_number_title": null,
                  "sms_username_format": null,
                  "sponsor_back_link": null,
                  "sponsor_cancel": null,
                  "sponsor_email": null,
                  "sponsor_email_error": null,
                  "sponsor_info_approved": null,
                  "sponsor_info_denied": null,
                  "sponsor_info_pending": null,
                  "sponsor_name": null,
                  "sponsor_name_error": null,
                  "sponsor_note_pending": null,
                  "sponsor_request_access": null,
                  "sponsor_status_approved": null,
                  "sponsor_status_denied": null,
                  "sponsor_status_pending": null,
                  "sponsor_submit": null,
                  "sponsors_error": null,
                  "sponsors_field_label": null,
                  "tos_accept_label": null,
                  "tos_error": null,
                  "tos_link": null,
                  "tos_text": null,
                  "uth_button_amazon": null
                },
                "ro-RO": {
                  "auth_button_amazon": null,
                  "auth_button_azure": null,
                  "auth_button_email": null,
                  "auth_button_facebook": null,
                  "auth_button_google": null,
                  "auth_button_microsoft": null,
                  "auth_button_passphrase": null,
                  "auth_button_sms": null,
                  "auth_button_sponsor": null,
                  "auth_label": null,
                  "back_link": null,
                  "company_error": null,
                  "company_label": null,
                  "email_access_domain_error": null,
                  "email_cancel": null,
                  "email_code_cancel": null,
                  "email_code_error": null,
                  "email_code_field_label": null,
                  "email_code_message": null,
                  "email_code_submit": null,
                  "email_code_title": null,
                  "email_error": null,
                  "email_field_label": null,
                  "email_label": null,
                  "email_message": null,
                  "email_submit": null,
                  "email_title": null,
                  "field1error": null,
                  "field1label": null,
                  "field2error": null,
                  "field2label": null,
                  "field3error": null,
                  "field3label": null,
                  "field4error": null,
                  "field4label": null,
                  "message": null,
                  "name_error": null,
                  "name_label": null,
                  "optout_label": null,
                  "page_title": null,
                  "passphrase_cancel": null,
                  "passphrase_error": null,
                  "passphrase_label": null,
                  "passphrase_message": null,
                  "passphrase_submit": null,
                  "passphrase_title": null,
                  "privacy_policy_accept_label": null,
                  "privacy_policy_error": null,
                  "privacy_policy_link": null,
                  "privacy_policy_text": null,
                  "required_field_label": null,
                  "sign_in_label": null,
                  "sms_carrier_default": null,
                  "sms_carrier_error": null,
                  "sms_carrier_field_label": null,
                  "sms_code_cancel": null,
                  "sms_code_error": null,
                  "sms_code_field_label": null,
                  "sms_code_message": null,
                  "sms_code_submit": null,
                  "sms_code_title": null,
                  "sms_country_field_label": null,
                  "sms_country_format": null,
                  "sms_have_access_code": "a",
                  "sms_message_format": null,
                  "sms_number_cancel": null,
                  "sms_number_error": null,
                  "sms_number_field_label": null,
                  "sms_number_format": null,
                  "sms_number_message": null,
                  "sms_number_submit": null,
                  "sms_number_title": null,
                  "sms_username_format": null,
                  "sponsor_back_link": null,
                  "sponsor_cancel": null,
                  "sponsor_email": null,
                  "sponsor_email_error": null,
                  "sponsor_info_approved": null,
                  "sponsor_info_denied": null,
                  "sponsor_info_pending": null,
                  "sponsor_name": null,
                  "sponsor_name_error": null,
                  "sponsor_note_pending": null,
                  "sponsor_request_access": null,
                  "sponsor_status_approved": null,
                  "sponsor_status_denied": null,
                  "sponsor_status_pending": null,
                  "sponsor_submit": null,
                  "sponsors_error": null,
                  "sponsors_field_label": null,
                  "tos_accept_label": null,
                  "tos_error": null,
                  "tos_link": null,
                  "tos_text": null,
                  "uth_button_amazon": null
                },
                "ru-RU": {
                  "auth_button_amazon": null,
                  "auth_button_azure": null,
                  "auth_button_email": null,
                  "auth_button_facebook": null,
                  "auth_button_google": null,
                  "auth_button_microsoft": null,
                  "auth_button_passphrase": null,
                  "auth_button_sms": null,
                  "auth_button_sponsor": null,
                  "auth_label": null,
                  "back_link": null,
                  "company_error": null,
                  "company_label": null,
                  "email_access_domain_error": null,
                  "email_cancel": null,
                  "email_code_cancel": null,
                  "email_code_error": null,
                  "email_code_field_label": null,
                  "email_code_message": null,
                  "email_code_submit": null,
                  "email_code_title": null,
                  "email_error": null,
                  "email_field_label": null,
                  "email_label": null,
                  "email_message": null,
                  "email_submit": null,
                  "email_title": null,
                  "field1error": null,
                  "field1label": null,
                  "field2error": null,
                  "field2label": null,
                  "field3error": null,
                  "field3label": null,
                  "field4error": null,
                  "field4label": null,
                  "message": null,
                  "name_error": null,
                  "name_label": null,
                  "optout_label": null,
                  "page_title": null,
                  "passphrase_cancel": null,
                  "passphrase_error": null,
                  "passphrase_label": null,
                  "passphrase_message": null,
                  "passphrase_submit": null,
                  "passphrase_title": null,
                  "privacy_policy_accept_label": null,
                  "privacy_policy_error": null,
                  "privacy_policy_link": null,
                  "privacy_policy_text": null,
                  "required_field_label": null,
                  "sign_in_label": null,
                  "sms_carrier_default": null,
                  "sms_carrier_error": null,
                  "sms_carrier_field_label": null,
                  "sms_code_cancel": null,
                  "sms_code_error": null,
                  "sms_code_field_label": null,
                  "sms_code_message": null,
                  "sms_code_submit": null,
                  "sms_code_title": null,
                  "sms_country_field_label": null,
                  "sms_country_format": null,
                  "sms_have_access_code": "a",
                  "sms_message_format": null,
                  "sms_number_cancel": null,
                  "sms_number_error": null,
                  "sms_number_field_label": null,
                  "sms_number_format": null,
                  "sms_number_message": null,
                  "sms_number_submit": null,
                  "sms_number_title": null,
                  "sms_username_format": null,
                  "sponsor_back_link": null,
                  "sponsor_cancel": null,
                  "sponsor_email": null,
                  "sponsor_email_error": null,
                  "sponsor_info_approved": null,
                  "sponsor_info_denied": null,
                  "sponsor_info_pending": null,
                  "sponsor_name": null,
                  "sponsor_name_error": null,
                  "sponsor_note_pending": null,
                  "sponsor_request_access": null,
                  "sponsor_status_approved": null,
                  "sponsor_status_denied": null,
                  "sponsor_status_pending": null,
                  "sponsor_submit": null,
                  "sponsors_error": null,
                  "sponsors_field_label": null,
                  "tos_accept_label": null,
                  "tos_error": null,
                  "tos_link": null,
                  "tos_text": null,
                  "uth_button_amazon": null
                },
                "sk-SK": {
                  "auth_button_amazon": null,
                  "auth_button_azure": null,
                  "auth_button_email": null,
                  "auth_button_facebook": null,
                  "auth_button_google": null,
                  "auth_button_microsoft": null,
                  "auth_button_passphrase": null,
                  "auth_button_sms": null,
                  "auth_button_sponsor": null,
                  "auth_label": null,
                  "back_link": null,
                  "company_error": null,
                  "company_label": null,
                  "email_access_domain_error": null,
                  "email_cancel": null,
                  "email_code_cancel": null,
                  "email_code_error": null,
                  "email_code_field_label": null,
                  "email_code_message": null,
                  "email_code_submit": null,
                  "email_code_title": null,
                  "email_error": null,
                  "email_field_label": null,
                  "email_label": null,
                  "email_message": null,
                  "email_submit": null,
                  "email_title": null,
                  "field1error": null,
                  "field1label": null,
                  "field2error": null,
                  "field2label": null,
                  "field3error": null,
                  "field3label": null,
                  "field4error": null,
                  "field4label": null,
                  "message": null,
                  "name_error": null,
                  "name_label": null,
                  "optout_label": null,
                  "page_title": null,
                  "passphrase_cancel": null,
                  "passphrase_error": null,
                  "passphrase_label": null,
                  "passphrase_message": null,
                  "passphrase_submit": null,
                  "passphrase_title": null,
                  "privacy_policy_accept_label": null,
                  "privacy_policy_error": null,
                  "privacy_policy_link": null,
                  "privacy_policy_text": null,
                  "required_field_label": null,
                  "sign_in_label": null,
                  "sms_carrier_default": null,
                  "sms_carrier_error": null,
                  "sms_carrier_field_label": null,
                  "sms_code_cancel": null,
                  "sms_code_error": null,
                  "sms_code_field_label": null,
                  "sms_code_message": null,
                  "sms_code_submit": null,
                  "sms_code_title": null,
                  "sms_country_field_label": null,
                  "sms_country_format": null,
                  "sms_have_access_code": "a",
                  "sms_message_format": null,
                  "sms_number_cancel": null,
                  "sms_number_error": null,
                  "sms_number_field_label": null,
                  "sms_number_format": null,
                  "sms_number_message": null,
                  "sms_number_submit": null,
                  "sms_number_title": null,
                  "sms_username_format": null,
                  "sponsor_back_link": null,
                  "sponsor_cancel": null,
                  "sponsor_email": null,
                  "sponsor_email_error": null,
                  "sponsor_info_approved": null,
                  "sponsor_info_denied": null,
                  "sponsor_info_pending": null,
                  "sponsor_name": null,
                  "sponsor_name_error": null,
                  "sponsor_note_pending": null,
                  "sponsor_request_access": null,
                  "sponsor_status_approved": null,
                  "sponsor_status_denied": null,
                  "sponsor_status_pending": null,
                  "sponsor_submit": null,
                  "sponsors_error": null,
                  "sponsors_field_label": null,
                  "tos_accept_label": null,
                  "tos_error": null,
                  "tos_link": null,
                  "tos_text": null,
                  "uth_button_amazon": null
                },
                "sv-SE": {
                  "auth_button_amazon": null,
                  "auth_button_azure": null,
                  "auth_button_email": null,
                  "auth_button_facebook": null,
                  "auth_button_google": null,
                  "auth_button_microsoft": null,
                  "auth_button_passphrase": null,
                  "auth_button_sms": null,
                  "auth_button_sponsor": null,
                  "auth_label": null,
                  "back_link": null,
                  "company_error": null,
                  "company_label": null,
                  "email_access_domain_error": null,
                  "email_cancel": null,
                  "email_code_cancel": null,
                  "email_code_error": null,
                  "email_code_field_label": null,
                  "email_code_message": null,
                  "email_code_submit": null,
                  "email_code_title": null,
                  "email_error": null,
                  "email_field_label": null,
                  "email_label": null,
                  "email_message": null,
                  "email_submit": null,
                  "email_title": null,
                  "field1error": null,
                  "field1label": null,
                  "field2error": null,
                  "field2label": null,
                  "field3error": null,
                  "field3label": null,
                  "field4error": null,
                  "field4label": null,
                  "message": null,
                  "name_error": null,
                  "name_label": null,
                  "optout_label": null,
                  "page_title": null,
                  "passphrase_cancel": null,
                  "passphrase_error": null,
                  "passphrase_label": null,
                  "passphrase_message": null,
                  "passphrase_submit": null,
                  "passphrase_title": null,
                  "privacy_policy_accept_label": null,
                  "privacy_policy_error": null,
                  "privacy_policy_link": null,
                  "privacy_policy_text": null,
                  "required_field_label": null,
                  "sign_in_label": null,
                  "sms_carrier_default": null,
                  "sms_carrier_error": null,
                  "sms_carrier_field_label": null,
                  "sms_code_cancel": null,
                  "sms_code_error": null,
                  "sms_code_field_label": null,
                  "sms_code_message": null,
                  "sms_code_submit": null,
                  "sms_code_title": null,
                  "sms_country_field_label": null,
                  "sms_country_format": null,
                  "sms_have_access_code": "a",
                  "sms_message_format": null,
                  "sms_number_cancel": null,
                  "sms_number_error": null,
                  "sms_number_field_label": null,
                  "sms_number_format": null,
                  "sms_number_message": null,
                  "sms_number_submit": null,
                  "sms_number_title": null,
                  "sms_username_format": null,
                  "sponsor_back_link": null,
                  "sponsor_cancel": null,
                  "sponsor_email": null,
                  "sponsor_email_error": null,
                  "sponsor_info_approved": null,
                  "sponsor_info_denied": null,
                  "sponsor_info_pending": null,
                  "sponsor_name": null,
                  "sponsor_name_error": null,
                  "sponsor_note_pending": null,
                  "sponsor_request_access": null,
                  "sponsor_status_approved": null,
                  "sponsor_status_denied": null,
                  "sponsor_status_pending": null,
                  "sponsor_submit": null,
                  "sponsors_error": null,
                  "sponsors_field_label": null,
                  "tos_accept_label": null,
                  "tos_error": null,
                  "tos_link": null,
                  "tos_text": null,
                  "uth_button_amazon": null
                },
                "th-TH": {
                  "auth_button_amazon": null,
                  "auth_button_azure": null,
                  "auth_button_email": null,
                  "auth_button_facebook": null,
                  "auth_button_google": null,
                  "auth_button_microsoft": null,
                  "auth_button_passphrase": null,
                  "auth_button_sms": null,
                  "auth_button_sponsor": null,
                  "auth_label": null,
                  "back_link": null,
                  "company_error": null,
                  "company_label": null,
                  "email_access_domain_error": null,
                  "email_cancel": null,
                  "email_code_cancel": null,
                  "email_code_error": null,
                  "email_code_field_label": null,
                  "email_code_message": null,
                  "email_code_submit": null,
                  "email_code_title": null,
                  "email_error": null,
                  "email_field_label": null,
                  "email_label": null,
                  "email_message": null,
                  "email_submit": null,
                  "email_title": null,
                  "field1error": null,
                  "field1label": null,
                  "field2error": null,
                  "field2label": null,
                  "field3error": null,
                  "field3label": null,
                  "field4error": null,
                  "field4label": null,
                  "message": null,
                  "name_error": null,
                  "name_label": null,
                  "optout_label": null,
                  "page_title": null,
                  "passphrase_cancel": null,
                  "passphrase_error": null,
                  "passphrase_label": null,
                  "passphrase_message": null,
                  "passphrase_submit": null,
                  "passphrase_title": null,
                  "privacy_policy_accept_label": null,
                  "privacy_policy_error": null,
                  "privacy_policy_link": null,
                  "privacy_policy_text": null,
                  "required_field_label": null,
                  "sign_in_label": null,
                  "sms_carrier_default": null,
                  "sms_carrier_error": null,
                  "sms_carrier_field_label": null,
                  "sms_code_cancel": null,
                  "sms_code_error": null,
                  "sms_code_field_label": null,
                  "sms_code_message": null,
                  "sms_code_submit": null,
                  "sms_code_title": null,
                  "sms_country_field_label": null,
                  "sms_country_format": null,
                  "sms_have_access_code": "a",
                  "sms_message_format": null,
                  "sms_number_cancel": null,
                  "sms_number_error": null,
                  "sms_number_field_label": null,
                  "sms_number_format": null,
                  "sms_number_message": null,
                  "sms_number_submit": null,
                  "sms_number_title": null,
                  "sms_username_format": null,
                  "sponsor_back_link": null,
                  "sponsor_cancel": null,
                  "sponsor_email": null,
                  "sponsor_email_error": null,
                  "sponsor_info_approved": null,
                  "sponsor_info_denied": null,
                  "sponsor_info_pending": null,
                  "sponsor_name": null,
                  "sponsor_name_error": null,
                  "sponsor_note_pending": null,
                  "sponsor_request_access": null,
                  "sponsor_status_approved": null,
                  "sponsor_status_denied": null,
                  "sponsor_status_pending": null,
                  "sponsor_submit": null,
                  "sponsors_error": null,
                  "sponsors_field_label": null,
                  "tos_accept_label": null,
                  "tos_error": null,
                  "tos_link": null,
                  "tos_text": null,
                  "uth_button_amazon": null
                },
                "tr-TR": {
                  "auth_button_amazon": null,
                  "auth_button_azure": null,
                  "auth_button_email": null,
                  "auth_button_facebook": null,
                  "auth_button_google": null,
                  "auth_button_microsoft": null,
                  "auth_button_passphrase": null,
                  "auth_button_sms": null,
                  "auth_button_sponsor": null,
                  "auth_label": null,
                  "back_link": null,
                  "company_error": null,
                  "company_label": null,
                  "email_access_domain_error": null,
                  "email_cancel": null,
                  "email_code_cancel": null,
                  "email_code_error": null,
                  "email_code_field_label": null,
                  "email_code_message": null,
                  "email_code_submit": null,
                  "email_code_title": null,
                  "email_error": null,
                  "email_field_label": null,
                  "email_label": null,
                  "email_message": null,
                  "email_submit": null,
                  "email_title": null,
                  "field1error": null,
                  "field1label": null,
                  "field2error": null,
                  "field2label": null,
                  "field3error": null,
                  "field3label": null,
                  "field4error": null,
                  "field4label": null,
                  "message": null,
                  "name_error": null,
                  "name_label": null,
                  "optout_label": null,
                  "page_title": null,
                  "passphrase_cancel": null,
                  "passphrase_error": null,
                  "passphrase_label": null,
                  "passphrase_message": null,
                  "passphrase_submit": null,
                  "passphrase_title": null,
                  "privacy_policy_accept_label": null,
                  "privacy_policy_error": null,
                  "privacy_policy_link": null,
                  "privacy_policy_text": null,
                  "required_field_label": null,
                  "sign_in_label": null,
                  "sms_carrier_default": null,
                  "sms_carrier_error": null,
                  "sms_carrier_field_label": null,
                  "sms_code_cancel": null,
                  "sms_code_error": null,
                  "sms_code_field_label": null,
                  "sms_code_message": null,
                  "sms_code_submit": null,
                  "sms_code_title": null,
                  "sms_country_field_label": null,
                  "sms_country_format": null,
                  "sms_have_access_code": "a",
                  "sms_message_format": null,
                  "sms_number_cancel": null,
                  "sms_number_error": null,
                  "sms_number_field_label": null,
                  "sms_number_format": null,
                  "sms_number_message": null,
                  "sms_number_submit": null,
                  "sms_number_title": null,
                  "sms_username_format": null,
                  "sponsor_back_link": null,
                  "sponsor_cancel": null,
                  "sponsor_email": null,
                  "sponsor_email_error": null,
                  "sponsor_info_approved": null,
                  "sponsor_info_denied": null,
                  "sponsor_info_pending": null,
                  "sponsor_name": null,
                  "sponsor_name_error": null,
                  "sponsor_note_pending": null,
                  "sponsor_request_access": null,
                  "sponsor_status_approved": null,
                  "sponsor_status_denied": null,
                  "sponsor_status_pending": null,
                  "sponsor_submit": null,
                  "sponsors_error": null,
                  "sponsors_field_label": null,
                  "tos_accept_label": null,
                  "tos_error": null,
                  "tos_link": null,
                  "tos_text": null,
                  "uth_button_amazon": null
                },
                "uk-UA": {
                  "auth_button_amazon": null,
                  "auth_button_azure": null,
                  "auth_button_email": null,
                  "auth_button_facebook": null,
                  "auth_button_google": null,
                  "auth_button_microsoft": null,
                  "auth_button_passphrase": null,
                  "auth_button_sms": null,
                  "auth_button_sponsor": null,
                  "auth_label": null,
                  "back_link": null,
                  "company_error": null,
                  "company_label": null,
                  "email_access_domain_error": null,
                  "email_cancel": null,
                  "email_code_cancel": null,
                  "email_code_error": null,
                  "email_code_field_label": null,
                  "email_code_message": null,
                  "email_code_submit": null,
                  "email_code_title": null,
                  "email_error": null,
                  "email_field_label": null,
                  "email_label": null,
                  "email_message": null,
                  "email_submit": null,
                  "email_title": null,
                  "field1error": null,
                  "field1label": null,
                  "field2error": null,
                  "field2label": null,
                  "field3error": null,
                  "field3label": null,
                  "field4error": null,
                  "field4label": null,
                  "message": null,
                  "name_error": null,
                  "name_label": null,
                  "optout_label": null,
                  "page_title": null,
                  "passphrase_cancel": null,
                  "passphrase_error": null,
                  "passphrase_label": null,
                  "passphrase_message": null,
                  "passphrase_submit": null,
                  "passphrase_title": null,
                  "privacy_policy_accept_label": null,
                  "privacy_policy_error": null,
                  "privacy_policy_link": null,
                  "privacy_policy_text": null,
                  "required_field_label": null,
                  "sign_in_label": null,
                  "sms_carrier_default": null,
                  "sms_carrier_error": null,
                  "sms_carrier_field_label": null,
                  "sms_code_cancel": null,
                  "sms_code_error": null,
                  "sms_code_field_label": null,
                  "sms_code_message": null,
                  "sms_code_submit": null,
                  "sms_code_title": null,
                  "sms_country_field_label": null,
                  "sms_country_format": null,
                  "sms_have_access_code": "a",
                  "sms_message_format": null,
                  "sms_number_cancel": null,
                  "sms_number_error": null,
                  "sms_number_field_label": null,
                  "sms_number_format": null,
                  "sms_number_message": null,
                  "sms_number_submit": null,
                  "sms_number_title": null,
                  "sms_username_format": null,
                  "sponsor_back_link": null,
                  "sponsor_cancel": null,
                  "sponsor_email": null,
                  "sponsor_email_error": null,
                  "sponsor_info_approved": null,
                  "sponsor_info_denied": null,
                  "sponsor_info_pending": null,
                  "sponsor_name": null,
                  "sponsor_name_error": null,
                  "sponsor_note_pending": null,
                  "sponsor_request_access": null,
                  "sponsor_status_approved": null,
                  "sponsor_status_denied": null,
                  "sponsor_status_pending": null,
                  "sponsor_submit": null,
                  "sponsors_error": null,
                  "sponsors_field_label": null,
                  "tos_accept_label": null,
                  "tos_error": null,
                  "tos_link": null,
                  "tos_text": null,
                  "uth_button_amazon": null
                },
                "vi-VN": {
                  "auth_button_amazon": null,
                  "auth_button_azure": null,
                  "auth_button_email": null,
                  "auth_button_facebook": null,
                  "auth_button_google": null,
                  "auth_button_microsoft": null,
                  "auth_button_passphrase": null,
                  "auth_button_sms": null,
                  "auth_button_sponsor": null,
                  "auth_label": null,
                  "back_link": null,
                  "company_error": null,
                  "company_label": null,
                  "email_access_domain_error": null,
                  "email_cancel": null,
                  "email_code_cancel": null,
                  "email_code_error": null,
                  "email_code_field_label": null,
                  "email_code_message": null,
                  "email_code_submit": null,
                  "email_code_title": null,
                  "email_error": null,
                  "email_field_label": null,
                  "email_label": null,
                  "email_message": null,
                  "email_submit": null,
                  "email_title": null,
                  "field1error": null,
                  "field1label": null,
                  "field2error": null,
                  "field2label": null,
                  "field3error": null,
                  "field3label": null,
                  "field4error": null,
                  "field4label": null,
                  "message": null,
                  "name_error": null,
                  "name_label": null,
                  "optout_label": null,
                  "page_title": null,
                  "passphrase_cancel": null,
                  "passphrase_error": null,
                  "passphrase_label": null,
                  "passphrase_message": null,
                  "passphrase_submit": null,
                  "passphrase_title": null,
                  "privacy_policy_accept_label": null,
                  "privacy_policy_error": null,
                  "privacy_policy_link": null,
                  "privacy_policy_text": null,
                  "required_field_label": null,
                  "sign_in_label": null,
                  "sms_carrier_default": null,
                  "sms_carrier_error": null,
                  "sms_carrier_field_label": null,
                  "sms_code_cancel": null,
                  "sms_code_error": null,
                  "sms_code_field_label": null,
                  "sms_code_message": null,
                  "sms_code_submit": null,
                  "sms_code_title": null,
                  "sms_country_field_label": null,
                  "sms_country_format": null,
                  "sms_have_access_code": "a",
                  "sms_message_format": null,
                  "sms_number_cancel": null,
                  "sms_number_error": null,
                  "sms_number_field_label": null,
                  "sms_number_format": null,
                  "sms_number_message": null,
                  "sms_number_submit": null,
                  "sms_number_title": null,
                  "sms_username_format": null,
                  "sponsor_back_link": null,
                  "sponsor_cancel": null,
                  "sponsor_email": null,
                  "sponsor_email_error": null,
                  "sponsor_info_approved": null,
                  "sponsor_info_denied": null,
                  "sponsor_info_pending": null,
                  "sponsor_name": null,
                  "sponsor_name_error": null,
                  "sponsor_note_pending": null,
                  "sponsor_request_access": null,
                  "sponsor_status_approved": null,
                  "sponsor_status_denied": null,
                  "sponsor_status_pending": null,
                  "sponsor_submit": null,
                  "sponsors_error": null,
                  "sponsors_field_label": null,
                  "tos_accept_label": null,
                  "tos_error": null,
                  "tos_link": null,
                  "tos_text": null,
                  "uth_button_amazon": null
                },
                "zh-Hans": {
                  "auth_button_amazon": null,
                  "auth_button_azure": null,
                  "auth_button_email": null,
                  "auth_button_facebook": null,
                  "auth_button_google": null,
                  "auth_button_microsoft": null,
                  "auth_button_passphrase": null,
                  "auth_button_sms": null,
                  "auth_button_sponsor": null,
                  "auth_label": null,
                  "back_link": null,
                  "company_error": null,
                  "company_label": null,
                  "email_access_domain_error": null,
                  "email_cancel": null,
                  "email_code_cancel": null,
                  "email_code_error": null,
                  "email_code_field_label": null,
                  "email_code_message": null,
                  "email_code_submit": null,
                  "email_code_title": null,
                  "email_error": null,
                  "email_field_label": null,
                  "email_label": null,
                  "email_message": null,
                  "email_submit": null,
                  "email_title": null,
                  "field1error": null,
                  "field1label": null,
                  "field2error": null,
                  "field2label": null,
                  "field3error": null,
                  "field3label": null,
                  "field4error": null,
                  "field4label": null,
                  "message": null,
                  "name_error": null,
                  "name_label": null,
                  "optout_label": null,
                  "page_title": null,
                  "passphrase_cancel": null,
                  "passphrase_error": null,
                  "passphrase_label": null,
                  "passphrase_message": null,
                  "passphrase_submit": null,
                  "passphrase_title": null,
                  "privacy_policy_accept_label": null,
                  "privacy_policy_error": null,
                  "privacy_policy_link": null,
                  "privacy_policy_text": null,
                  "required_field_label": null,
                  "sign_in_label": null,
                  "sms_carrier_default": null,
                  "sms_carrier_error": null,
                  "sms_carrier_field_label": null,
                  "sms_code_cancel": null,
                  "sms_code_error": null,
                  "sms_code_field_label": null,
                  "sms_code_message": null,
                  "sms_code_submit": null,
                  "sms_code_title": null,
                  "sms_country_field_label": null,
                  "sms_country_format": null,
                  "sms_have_access_code": "a",
                  "sms_message_format": null,
                  "sms_number_cancel": null,
                  "sms_number_error": null,
                  "sms_number_field_label": null,
                  "sms_number_format": null,
                  "sms_number_message": null,
                  "sms_number_submit": null,
                  "sms_number_title": null,
                  "sms_username_format": null,
                  "sponsor_back_link": null,
                  "sponsor_cancel": null,
                  "sponsor_email": null,
                  "sponsor_email_error": null,
                  "sponsor_info_approved": null,
                  "sponsor_info_denied": null,
                  "sponsor_info_pending": null,
                  "sponsor_name": null,
                  "sponsor_name_error": null,
                  "sponsor_note_pending": null,
                  "sponsor_request_access": null,
                  "sponsor_status_approved": null,
                  "sponsor_status_denied": null,
                  "sponsor_status_pending": null,
                  "sponsor_submit": null,
                  "sponsors_error": null,
                  "sponsors_field_label": null,
                  "tos_accept_label": null,
                  "tos_error": null,
                  "tos_link": null,
                  "tos_text": null,
                  "uth_button_amazon": null
                },
                "zh-Hant": {
                  "auth_button_amazon": null,
                  "auth_button_azure": null,
                  "auth_button_email": null,
                  "auth_button_facebook": null,
                  "auth_button_google": null,
                  "auth_button_microsoft": null,
                  "auth_button_passphrase": null,
                  "auth_button_sms": null,
                  "auth_button_sponsor": null,
                  "auth_label": null,
                  "back_link": null,
                  "company_error": null,
                  "company_label": null,
                  "email_access_domain_error": null,
                  "email_cancel": null,
                  "email_code_cancel": null,
                  "email_code_error": null,
                  "email_code_field_label": null,
                  "email_code_message": null,
                  "email_code_submit": null,
                  "email_code_title": null,
                  "email_error": null,
                  "email_field_label": null,
                  "email_label": null,
                  "email_message": null,
                  "email_submit": null,
                  "email_title": null,
                  "field1error": null,
                  "field1label": null,
                  "field2error": null,
                  "field2label": null,
                  "field3error": null,
                  "field3label": null,
                  "field4error": null,
                  "field4label": null,
                  "message": null,
                  "name_error": null,
                  "name_label": null,
                  "optout_label": null,
                  "page_title": null,
                  "passphrase_cancel": null,
                  "passphrase_error": null,
                  "passphrase_label": null,
                  "passphrase_message": null,
                  "passphrase_submit": null,
                  "passphrase_title": null,
                  "privacy_policy_accept_label": null,
                  "privacy_policy_error": null,
                  "privacy_policy_link": null,
                  "privacy_policy_text": null,
                  "required_field_label": null,
                  "sign_in_label": null,
                  "sms_carrier_default": null,
                  "sms_carrier_error": null,
                  "sms_carrier_field_label": null,
                  "sms_code_cancel": null,
                  "sms_code_error": null,
                  "sms_code_field_label": null,
                  "sms_code_message": null,
                  "sms_code_submit": null,
                  "sms_code_title": null,
                  "sms_country_field_label": null,
                  "sms_country_format": null,
                  "sms_have_access_code": "a",
                  "sms_message_format": null,
                  "sms_number_cancel": null,
                  "sms_number_error": null,
                  "sms_number_field_label": null,
                  "sms_number_format": null,
                  "sms_number_message": null,
                  "sms_number_submit": null,
                  "sms_number_title": null,
                  "sms_username_format": null,
                  "sponsor_back_link": null,
                  "sponsor_cancel": null,
                  "sponsor_email": null,
                  "sponsor_email_error": null,
                  "sponsor_info_approved": null,
                  "sponsor_info_denied": null,
                  "sponsor_info_pending": null,
                  "sponsor_name": null,
                  "sponsor_name_error": null,
                  "sponsor_note_pending": null,
                  "sponsor_request_access": null,
                  "sponsor_status_approved": null,
                  "sponsor_status_denied": null,
                  "sponsor_status_pending": null,
                  "sponsor_submit": null,
                  "sponsors_error": null,
                  "sponsors_field_label": null,
                  "tos_accept_label": null,
                  "tos_error": null,
                  "tos_link": null,
                  "tos_text": null,
                  "uth_button_amazon": null
                }
              },
              "message": "Sign in to get online",
              "multi_auth": false,
              "name": true,
              "name_error": "Please provide your name",
              "name_label": "Name",
              "opt_out_default": true,
              "optout": true,
              "optout_label": "Do not store",
              "page_title": "Welcome",
              "passphrase_cancel": "Cancel",
              "passphrase_error": "Invalid Passphrase",
              "passphrase_label": "Passphrase",
              "passphrase_message": "Enter the secret passphrase to access the WiFi network.",
              "passphrase_submit": "Sign in",
              "passphrase_title": "Sign in with Passphrase",
              "powered_by": true,
              "privacy": false,
              "privacy_policy_accept_label": "I accept the Privacy Terms",
              "privacy_policy_error": "Please review and accept the Privacy Terms",
              "privacy_policy_link": "Privacy Terms",
              "privacy_policy_text": "\u003c\u003c provide your Privacy Terms here \u003e\u003e",
              "required_field_label": "required",
              "responsive_layout": true,
              "sign_in_label": "Sign In",
              "sms_carrier_default": "Please Select",
              "sms_carrier_error": "Please select a mobile carrier",
              "sms_carrier_field_label": "Mobile Carrier",
              "sms_code_cancel": "I did not receive the code",
              "sms_code_error": "Invalid Access Code",
              "sms_code_field_label": "Confirmation Code",
              "sms_code_message": "Enter the access number that was sent to your mobile number.",
              "sms_code_submit": "Sign In",
              "sms_code_title": "Access Code",
              "sms_country_field_label": "Country Code",
              "sms_country_format": "1",
              "sms_have_access_code": "I have an access code",
              "sms_is_twilio": false,
              "sms_message_format": "Code {{code}} expires in {{duration}} minutes.",
              "sms_number_cancel": "Cancel",
              "sms_number_error": "Invalid Mobile Number",
              "sms_number_field_label": "Mobile Number",
              "sms_number_format": "2125551212 (digits only)",
              "sms_number_message": "We will send an access code to your mobile number which you can use to connect to the WiFi network. Message and data rates may apply.",
              "sms_number_submit": "Send Access Code",
              "sms_number_title": "Sign in with Text Message",
              "sms_username_format": "username",
              "sms_validity_duration": 10,
              "sponsor_back_link": "Go back and edit request form",
              "sponsor_cancel": "Cancel",
              "sponsor_email": "Sponsor Email",
              "sponsor_email_error": "Please provide valid sponsor email",
              "sponsor_email_template": "",
              "sponsor_info_approved": "Your request was approved by",
              "sponsor_info_denied": "Your request was denied by",
              "sponsor_info_pending": "Your notification has been sent to",
              "sponsor_name": "Sponsor Name",
              "sponsor_name_error": "Please provide sponsor name",
              "sponsor_note_pending": "Please wait for them to acknowledge.",
              "sponsor_request_access": "Request WiFi Access",
              "sponsor_status_approved": "Your request was approved",
              "sponsor_status_denied": "Your request was denied",
              "sponsor_status_pending": "Notification Sent",
              "sponsor_submit": "Request WiFi Access",
              "sponsors_error": "Please select a sponsor",
              "sponsors_field_label": "Sponsors",
              "tos": true,
              "tos_accept_label": "I accept the Terms of Service",
              "tos_error": "Please review and accept the Terms of Service",
              "tos_link": "Terms of Service",
              "tos_text": "\u003c\u003c provide your Terms of Service here \u003e\u003e"
            },
            "wlan_id": "f49406bb-8a8a-47d7-8ac5-29fe4701bfef"
          },
          "sensitive_attributes": [],
          "dependencies": [
            "mist_org.terraform_test",
            "mist_org_wlan.test_open",
            "mist_org_wlantemplate.wlantemplate_one"
          ]
        }
      ]
    },
    {
      "mode": "managed",
      "type": "mist_org_wlantemplate",
      "name": "test101",
      "provider": "provider[\"registry.terraform.io/juniper/mist\"]",
      "instances": [
        {
          "schema_version": 0,
          "attributes": {
            "applies": {
              "org_id": null,
              "site_ids": [
                "19e06ed0-9ee9-4ac7-9d5c-dd1ed551a95c"
              ],
              "sitegroup_ids": []
            },
            "deviceprofile_ids": [],
            "exceptions": {
              "site_ids": [],
              "sitegroup_ids": []
            },
            "filter_by_deviceprofile": false,
            "id": "7ce2224e-237e-49d0-8f5b-89e08f93b866",
            "name": "test101",
            "org_id": "992bf4b9-c900-4850-9992-107b2f9df928"
          },
          "sensitive_attributes": [],
          "dependencies": [
            "mist_org.terraform_test",
            "mist_org_sitegroup.test_group",
            "mist_org_sitegroup.test_group2",
            "mist_site.terraform_site"
          ]
        }
      ]
    },
    {
      "mode": "managed",
      "type": "mist_org_wlantemplate",
      "name": "wlantemplate_one",
      "provider": "provider[\"registry.terraform.io/juniper/mist\"]",
      "instances": [
        {
          "schema_version": 0,
          "attributes": {
            "applies": {
              "org_id": null,
              "site_ids": [],
              "sitegroup_ids": []
            },
            "deviceprofile_ids": [],
            "exceptions": {
              "site_ids": [],
              "sitegroup_ids": []
            },
            "filter_by_deviceprofile": false,
            "id": "511a9dde-e0d8-4999-a778-07cb5003ff05",
            "name": "wlantemplate",
            "org_id": "992bf4b9-c900-4850-9992-107b2f9df928"
          },
          "sensitive_attributes": [],
          "dependencies": [
            "mist_org.terraform_test"
          ]
        }
      ]
    },
    {
      "mode": "managed",
      "type": "mist_site",
      "name": "terraform_site",
      "provider": "provider[\"registry.terraform.io/juniper/mist\"]",
      "instances": [
        {
          "schema_version": 0,
          "attributes": {
            "address": "77 Terrasse de l'Université, 92000 Nanterre, France",
            "alarmtemplate_id": null,
            "aptemplate_id": null,
            "country_code": "FR",
            "gatewaytemplate_id": null,
            "id": "19e06ed0-9ee9-4ac7-9d5c-dd1ed551a95c",
            "latlng": {
              "lat": 48.899268,
              "lng": 2.214447
            },
            "name": "terraform_site",
            "networktemplate_id": null,
            "notes": "Created with Terraform, Updated with Terraform",
            "org_id": "992bf4b9-c900-4850-9992-107b2f9df928",
            "rftemplate_id": null,
            "secpolicy_id": null,
            "sitegroup_ids": [
              "91dc3688-addb-4875-85cc-3a065abd21b2",
              "9a4e1d2a-9043-448e-af3e-464dd9ced21d"
            ],
            "sitetemplate_id": null,
            "timezone": "Europe/Paris"
          },
          "sensitive_attributes": [],
          "dependencies": [
            "mist_org.terraform_test",
            "mist_org_sitegroup.test_group",
            "mist_org_sitegroup.test_group2"
          ]
        }
      ]
    },
    {
      "mode": "managed",
      "type": "mist_site_networktemplate",
      "name": "site_switch_template",
      "provider": "provider[\"registry.terraform.io/juniper/mist\"]",
      "instances": [
        {
          "schema_version": 0,
          "attributes": {
            "acl_policies": null,
            "acl_tags": null,
            "additional_config_cmds": [
              "set system hostnam test",
              "set system services ssh root-login allow"
            ],
            "dhcp_snooping": null,
            "dns_servers": [
              "10.3.51.222"
            ],
            "dns_suffix": [
              "stag.one"
            ],
            "extra_routes": null,
            "extra_routes6": null,
            "mist_nac": null,
            "networks": {
              "test": {
                "isolation": false,
                "isolation_vlan_id": null,
                "subnet": "1.2.3.0/24",
                "vlan_id": "10"
              },
              "test2": {
                "isolation": false,
                "isolation_vlan_id": null,
                "subnet": "1.2.3.0/24",
                "vlan_id": "11"
              }
            },
            "ntp_servers": [
              "10.3.51.222"
            ],
            "port_mirroring": null,
            "port_usages": {
              "disabled_port": {
                "all_networks": false,
                "allow_dhcpd": null,
                "allow_multiple_supplicants": false,
                "bypass_auth_when_server_down": false,
                "bypass_auth_when_server_down_for_unkonwn_client": false,
                "description": null,
                "disable_autoneg": false,
                "disabled": true,
                "duplex": "auto",
                "dynamic_vlan_networks": [],
                "enable_mac_auth": false,
                "enable_qos": false,
                "guest_network": null,
                "inter_switch_link": false,
                "mac_auth_only": null,
                "mac_auth_protocol": "eap-md5",
                "mac_limit": 0,
                "mode": "access",
                "mtu": null,
                "networks": [],
                "persist_mac": false,
                "poe_disabled": false,
                "port_auth": null,
                "port_network": "default",
                "reauth_interval": 3600,
                "rejected_network": null,
                "reset_default_when": "link_down",
                "rules": null,
                "speed": null,
                "storm_control": null,
                "stp_edge": false,
                "stp_no_root_port": false,
                "stp_p2p": false,
                "voip_network": null
              },
              "trunk": {
                "all_networks": true,
                "allow_dhcpd": null,
                "allow_multiple_supplicants": false,
                "bypass_auth_when_server_down": false,
                "bypass_auth_when_server_down_for_unkonwn_client": false,
                "description": "profile for trunk ports",
                "disable_autoneg": false,
                "disabled": false,
                "duplex": "auto",
                "dynamic_vlan_networks": [],
                "enable_mac_auth": false,
                "enable_qos": true,
                "guest_network": null,
                "inter_switch_link": false,
                "mac_auth_only": null,
                "mac_auth_protocol": "eap-md5",
                "mac_limit": 0,
                "mode": "trunk",
                "mtu": null,
                "networks": [],
                "persist_mac": false,
                "poe_disabled": false,
                "port_auth": null,
                "port_network": "test2",
                "reauth_interval": 3600,
                "rejected_network": null,
                "reset_default_when": "link_down",
                "rules": null,
                "speed": null,
                "storm_control": {
                  "no_broadcast": false,
                  "no_multicast": false,
                  "no_registered_multicast": false,
                  "no_unknown_unicast": false,
                  "percentage": 15
                },
                "stp_edge": false,
                "stp_no_root_port": false,
                "stp_p2p": false,
                "voip_network": null
              }
            },
            "radius_config": {
              "acct_interim_interval": 60,
              "acct_servers": [
                {
                  "host": "1.2.3.4",
                  "keywrap_enabled": null,
                  "keywrap_format": null,
                  "keywrap_kek": null,
                  "keywrap_mack": null,
                  "port": 1813,
                  "secret": "secret"
                }
              ],
              "auth_servers": [
                {
                  "host": "1.2.3.4",
                  "keywrap_enabled": null,
                  "keywrap_format": null,
                  "keywrap_kek": null,
                  "keywrap_mack": null,
                  "port": 1812,
                  "secret": "secret"
                }
              ],
              "auth_servers_retries": 3,
              "auth_servers_timeout": 5,
              "coa_enabled": true,
              "coa_port": 3799,
              "network": "test",
              "source_ip": null
            },
            "remote_syslog": {
              "archive": {
                "files": 2,
                "size": "5m"
              },
              "console": {
                "contents": [
                  {
                    "facility": "kernel",
                    "severity": "alert"
                  }
                ]
              },
              "enabled": true,
              "files": null,
              "network": "test",
              "send_to_all_servers": false,
              "servers": [
                {
                  "contents": [
                    {
                      "facility": "any",
                      "severity": "any"
                    }
                  ],
                  "explicit_priority": null,
                  "facility": "any",
                  "host": "1.2.3.4",
                  "match": null,
                  "port": 514,
                  "protocol": "udp",
                  "routing_instance": null,
                  "severity": "any",
                  "source_address": null,
                  "structured_data": null,
                  "tag": null
                }
              ],
              "time_format": null,
              "users": null
            },
            "remove_existing_configs": false,
            "site_id": "19e06ed0-9ee9-4ac7-9d5c-dd1ed551a95c",
            "snmp_config": null,
            "switch_matching": {
              "enable": true,
              "rules": [
                {
                  "additional_config_cmds": [
                    "set system name-server 8.8.8.8"
                  ],
                  "match_role": "access",
                  "match_type": "match_name[0:3]",
                  "match_value": "abc",
                  "name": "access",
                  "port_config": {
                    "ge-0/0/0-10": {
                      "ae_disable_lacp": null,
                      "ae_idx": null,
                      "ae_lacp_slow": true,
                      "aggregated": false,
                      "critical": null,
                      "description": null,
                      "disable_autoneg": false,
                      "duplex": "auto",
                      "dynamic_usage": null,
                      "esilag": null,
                      "mtu": 1514,
                      "no_local_overwrite": null,
                      "poe_disabled": false,
                      "speed": "auto",
                      "usage": "trunk"
                    }
                  },
                  "port_mirroring": null
                },
                {
                  "additional_config_cmds": [
                    "set system name-server 8.8.8.8"
                  ],
                  "match_role": "core",
                  "match_type": null,
                  "match_value": null,
                  "name": "core",
                  "port_config": {
                    "ge-0/0/0-10": {
                      "ae_disable_lacp": null,
                      "ae_idx": null,
                      "ae_lacp_slow": true,
                      "aggregated": false,
                      "critical": null,
                      "description": null,
                      "disable_autoneg": false,
                      "duplex": "auto",
                      "dynamic_usage": null,
                      "esilag": null,
                      "mtu": 1514,
                      "no_local_overwrite": null,
                      "poe_disabled": false,
                      "speed": "auto",
                      "usage": "trunk"
                    }
                  },
                  "port_mirroring": null
                }
              ]
            },
            "switch_mgmt": {
              "ap_affinity_threshold": 10,
              "cli_banner": null,
              "cli_idle_timeout": null,
              "config_revert_timer": 10,
              "dhcp_option_fqdn": false,
              "local_accounts": null,
              "mxedge_proxy_host": null,
              "mxedge_proxy_port": 2222,
              "protect_re": {
                "allowed_services": [],
                "custom": null,
                "enabled": true,
                "trusted_hosts": []
              },
              "root_password": "Juniper123",
              "tacacs": null,
              "use_mxedge_proxy": null
            },
            "uplink_port_config": null,
            "vrf_config": {
              "enabled": true
            },
            "vrf_instances": {
              "fds": {
                "extra_routes": {
                  "1.2.0.0/24": {
                    "via": "1.2.3.4"
                  }
                },
                "networks": [
                  "prx"
                ]
              }
            }
          },
          "sensitive_attributes": [
            [
              {
                "type": "get_attr",
                "value": "switch_mgmt"
              },
              {
                "type": "get_attr",
                "value": "root_password"
              }
            ],
            [
              {
                "type": "get_attr",
                "value": "radius_config"
              },
              {
                "type": "get_attr",
                "value": "acct_servers"
              },
              {
                "type": "index",
                "value": {
                  "value": 0,
                  "type": "number"
                }
              },
              {
                "type": "get_attr",
                "value": "secret"
              }
            ],
            [
              {
                "type": "get_attr",
                "value": "radius_config"
              },
              {
                "type": "get_attr",
                "value": "auth_servers"
              },
              {
                "type": "index",
                "value": {
                  "value": 0,
                  "type": "number"
                }
              },
              {
                "type": "get_attr",
                "value": "secret"
              }
            ]
          ],
          "dependencies": [
            "mist_org.terraform_test",
            "mist_org_sitegroup.test_group",
            "mist_org_sitegroup.test_group2",
            "mist_site.terraform_site"
          ]
        }
      ]
    },
    {
      "mode": "managed",
      "type": "mist_site_psk",
      "name": "psk_two",
      "provider": "provider[\"registry.terraform.io/juniper/mist\"]",
      "instances": [
        {
          "schema_version": 0,
          "attributes": {
            "email": null,
            "expire_time": 0,
            "expiry_notification_time": null,
            "id": "5cb57a6f-3eea-486b-b534-e4179a7aa4dd",
            "mac": "deadbeefdeaf",
            "name": "psk_two",
            "note": null,
            "notify_expiry": false,
            "notify_on_create_or_edit": null,
            "old_passphrase": null,
            "org_id": "992bf4b9-c900-4850-9992-107b2f9df928",
            "passphrase": "juniper123",
            "role": null,
            "site_id": "19e06ed0-9ee9-4ac7-9d5c-dd1ed551a95c",
            "ssid": "test",
            "usage": "single",
            "vlan_id": null
          },
          "sensitive_attributes": [
            [
              {
                "type": "get_attr",
                "value": "passphrase"
              }
            ],
            [
              {
                "type": "get_attr",
                "value": "old_passphrase"
              }
            ]
          ],
          "dependencies": [
            "mist_org.terraform_test",
            "mist_org_sitegroup.test_group",
            "mist_org_sitegroup.test_group2",
            "mist_site.terraform_site"
          ]
        }
      ]
    },
    {
      "mode": "managed",
      "type": "mist_site_setting",
      "name": "test",
      "provider": "provider[\"registry.terraform.io/juniper/mist\"]",
      "instances": [
        {
          "schema_version": 0,
          "attributes": {
            "analytic": null,
            "ap_updown_threshold": 5,
            "auto_upgrade": {
              "custom_versions": {},
              "day_of_week": "tue",
              "enabled": true,
              "time_of_day": "02:00",
              "version": "beta"
            },
            "blacklist_url": null,
            "ble_config": null,
            "config_auto_revert": true,
            "config_push_policy": null,
            "critical_url_monitoring": null,
            "device_updown_threshold": 5,
            "disabled_system_defined_port_usages": null,
            "engagement": null,
            "gateway_mgmt": {
              "admin_sshkeys": [],
              "app_probing": {
                "apps": null,
                "custom_apps": [
                  {
                    "address": "",
                    "app_type": null,
                    "hostname": [],
                    "name": null,
                    "network": null,
                    "protocol": "http",
                    "url": "example.com",
                    "vrf": null
                  }
                ],
                "enabled": null
              },
              "app_usage": true,
              "auto_signature_update": {
                "day_of_week": null,
                "enable": true,
                "time_of_day": "02:00"
              },
              "config_revert_timer": 10,
              "disable_console": false,
              "disable_oob": false,
              "probe_hosts": [],
              "root_password": "pwd123",
              "security_log_source_address": null,
              "security_log_source_interface": null
            },
            "gateway_updown_threshold": 0,
            "led": null,
            "occupancy": null,
            "org_id": "992bf4b9-c900-4850-9992-107b2f9df928",
            "persist_config_on_device": true,
            "proxy": {
              "url": "http://myproxy:3128"
            },
            "remove_existing_configs": false,
            "report_gatt": false,
            "rogue": {
              "enabled": true,
              "honeypot_enabled": true,
              "min_duration": 5,
              "min_rssi": -80,
              "whitelisted_bssids": [],
              "whitelisted_ssids": []
            },
            "rtsa": null,
            "simple_alert": null,
            "site_id": "19e06ed0-9ee9-4ac7-9d5c-dd1ed551a95c",
            "skyatp": null,
            "srx_app": null,
            "ssh_keys": null,
            "ssr": null,
            "switch_updown_threshold": 0,
            "synthetic_test": null,
            "track_anonymous_devices": false,
            "uplink_port_config": null,
            "vars": {},
            "vna": null,
            "vs_instance": null,
            "wan_vna": null,
            "watched_station_url": null,
            "whitelist_url": null,
            "wids": null,
            "wifi": null,
            "wired_vna": null,
            "zone_occupancy_alert": null
          },
          "sensitive_attributes": [],
          "dependencies": [
            "mist_org.terraform_test",
            "mist_org_sitegroup.test_group",
            "mist_org_sitegroup.test_group2",
            "mist_site.terraform_site"
          ]
        }
      ]
    },
    {
      "mode": "managed",
      "type": "mist_site_webhook",
      "name": "webhook_one",
      "provider": "provider[\"registry.terraform.io/juniper/mist\"]",
      "instances": [
        {
          "schema_version": 0,
          "attributes": {
            "enabled": false,
            "headers": null,
            "id": "9f318634-ebc4-40e8-aede-4256305fa163",
            "name": "test",
            "oauth2_client_id": null,
            "oauth2_client_secret": null,
            "oauth2_grant_type": null,
            "oauth2_password": null,
            "oauth2_scopes": null,
            "oauth2_token_url": null,
            "oauth2_username": null,
            "org_id": "992bf4b9-c900-4850-9992-107b2f9df928",
            "secret": null,
            "site_id": "19e06ed0-9ee9-4ac7-9d5c-dd1ed551a95c",
            "splunk_token": null,
            "topics": [
              "audits"
            ],
            "type": "http-post",
            "url": "https://test.com",
            "verify_cert": true
          },
          "sensitive_attributes": [
            [
              {
                "type": "get_attr",
                "value": "secret"
              }
            ],
            [
              {
                "type": "get_attr",
                "value": "oauth2_client_secret"
              }
            ],
            [
              {
                "type": "get_attr",
                "value": "splunk_token"
              }
            ],
            [
              {
                "type": "get_attr",
                "value": "oauth2_password"
              }
            ]
          ],
          "dependencies": [
            "mist_org.terraform_test",
            "mist_org_sitegroup.test_group",
            "mist_org_sitegroup.test_group2",
            "mist_site.terraform_site"
          ]
        }
      ]
    },
    {
      "mode": "managed",
      "type": "mist_site_wlan",
      "name": "test_open",
      "provider": "provider[\"registry.terraform.io/juniper/mist\"]",
      "instances": [
        {
          "schema_version": 0,
          "attributes": {
            "acct_immediate_update": false,
            "acct_interim_interval": 0,
            "acct_servers": null,
            "airwatch": null,
            "allow_ipv6_ndp": true,
            "allow_mdns": false,
            "allow_ssdp": true,
            "ap_ids": [],
            "app_limit": null,
            "app_qos": null,
            "apply_to": null,
            "arp_filter": false,
            "auth": null,
            "auth_server_selection": "ordered",
            "auth_servers": null,
            "auth_servers_nas_id": null,
            "auth_servers_nas_ip": null,
            "auth_servers_retries": 2,
            "auth_servers_timeout": 5,
            "band_steer": false,
            "band_steer_force_band5": false,
            "bands": null,
            "block_blacklist_clients": false,
            "bonjour": null,
            "cisco_cwa": null,
            "client_limit_down": null,
            "client_limit_down_enabled": false,
            "client_limit_up": null,
            "client_limit_up_enabled": false,
            "coa_servers": null,
            "disable_11ax": false,
            "disable_ht_vht_rates": false,
            "disable_uapsd": false,
            "disable_v1_roam_notify": false,
            "disable_v2_roam_notify": false,
            "disable_wmm": false,
            "dns_server_rewrite": null,
            "dtim": 2,
            "dynamic_psk": null,
            "dynamic_vlan": null,
            "enable_local_keycaching": false,
            "enable_wireless_bridging": false,
            "enable_wireless_bridging_dhcp_tracking": false,
            "enabled": true,
            "fast_dot1x_timers": false,
            "hide_ssid": false,
            "hostname_ie": false,
            "hotspot20": null,
            "id": "83e9a7a3-4e78-4679-984d-69c2837a7253",
            "inject_dhcp_option_82": null,
            "interface": "all",
            "isolation": false,
            "l2_isolation": false,
            "legacy_overds": false,
            "limit_bcast": true,
            "limit_probe_response": false,
            "max_idletime": 1800,
            "mist_nac": null,
            "msp_id": "",
            "mxtunnel_ids": [],
            "mxtunnel_name": [],
            "no_static_dns": false,
            "no_static_ip": false,
            "org_id": "992bf4b9-c900-4850-9992-107b2f9df928",
            "portal": {
              "amazon_client_id": "",
              "amazon_client_secret": "",
              "amazon_email_domains": [],
              "amazon_enabled": false,
              "amazon_expire": 0,
              "auth": "none",
              "azure_client_id": "",
              "azure_client_secret": "",
              "azure_enabled": false,
              "azure_expire": 0,
              "azure_tenant_id": "",
              "broadnet_password": "",
              "broadnet_sid": "MIST",
              "broadnet_user_id": "",
              "bypass_when_cloud_down": false,
              "clickatell_api_key": "",
              "cross_site": false,
              "email_enabled": false,
              "enabled": false,
              "expire": 1440,
              "external_portal_url": "",
              "facebook_client_id": "",
              "facebook_client_secret": "",
              "facebook_email_domains": [],
              "facebook_enabled": false,
              "facebook_expire": 0,
              "forward": false,
              "forward_url": "",
              "google_client_id": "",
              "google_client_secret": "",
              "google_email_domains": [],
              "google_enabled": false,
              "google_expire": 0,
              "gupshup_password": "",
              "gupshup_userid": "",
              "microsoft_client_id": "",
              "microsoft_client_secret": "",
              "microsoft_email_domains": [],
              "microsoft_enabled": false,
              "microsoft_expire": 0,
              "passphrase_enabled": false,
              "passphrase_expire": 0,
              "password": "",
              "predefined_sponsors_enabled": true,
              "predefined_sponsors_hide_email": false,
              "privacy": false,
              "puzzel_password": "",
              "puzzel_service_id": "",
              "puzzel_username": "",
              "sms_enabled": false,
              "sms_expire": 0,
              "sms_message_format": "Code {{code}} expires in {{duration}} minutes.",
              "sms_provider": "manual",
              "sponsor_auto_approve": false,
              "sponsor_email_domains": [],
              "sponsor_enabled": false,
              "sponsor_expire": 0,
              "sponsor_link_validity_duration": "60",
              "sponsor_notify_all": false,
              "sponsor_status_notify": false,
              "sponsors": {},
              "sso_default_role": "",
              "sso_forced_role": "",
              "sso_idp_cert": "",
              "sso_idp_sign_algo": "sha1",
              "sso_idp_sso_url": "",
              "sso_issuer": "",
              "sso_nameid_format": "email",
              "telstra_client_id": "",
              "telstra_client_secret": "",
              "twilio_auth_token": "",
              "twilio_phone_number": "",
              "twilio_sid": ""
            },
            "portal_allowed_hostnames": [],
            "portal_allowed_subnets": [],
            "portal_api_secret": null,
            "portal_denied_hostnames": [],
            "portal_image": null,
            "portal_sso_url": null,
            "portal_template_url": null,
            "qos": null,
            "radsec": null,
            "roam_mode": "NONE",
            "schedule": null,
            "site_id": "19e06ed0-9ee9-4ac7-9d5c-dd1ed551a95c",
            "sle_excluded": false,
            "ssid": "demo",
            "thumbnail": null,
            "use_eapol_v1": false,
            "vlan_enabled": false,
            "vlan_id": null,
            "vlan_ids": [],
            "vlan_pooling": false,
            "wlan_limit_down": 0,
            "wlan_limit_down_enabled": false,
            "wlan_limit_up": 0,
            "wlan_limit_up_enabled": false,
            "wxtag_ids": [],
            "wxtunnel_id": "",
            "wxtunnel_remote_id": ""
          },
          "sensitive_attributes": [
            [
              {
                "type": "get_attr",
                "value": "portal"
              },
              {
                "type": "get_attr",
                "value": "gupshup_password"
              }
            ],
            [
              {
                "type": "get_attr",
                "value": "portal"
              },
              {
                "type": "get_attr",
                "value": "puzzel_password"
              }
            ],
            [
              {
                "type": "get_attr",
                "value": "portal"
              },
              {
                "type": "get_attr",
                "value": "password"
              }
            ],
            [
              {
                "type": "get_attr",
                "value": "portal"
              },
              {
                "type": "get_attr",
                "value": "broadnet_password"
              }
            ]
          ],
          "dependencies": [
            "mist_org.terraform_test",
            "mist_org_sitegroup.test_group",
            "mist_org_sitegroup.test_group2",
            "mist_site.terraform_site"
          ]
        }
      ]
    },
    {
      "mode": "managed",
      "type": "mist_site_wlan",
      "name": "wlan_cwp2",
      "provider": "provider[\"registry.terraform.io/juniper/mist\"]",
      "instances": [
        {
          "schema_version": 0,
          "attributes": {
            "acct_immediate_update": false,
            "acct_interim_interval": 0,
            "acct_servers": null,
            "airwatch": null,
            "allow_ipv6_ndp": true,
            "allow_mdns": false,
            "allow_ssdp": false,
            "ap_ids": [],
            "app_limit": null,
            "app_qos": null,
            "apply_to": "site",
            "arp_filter": false,
            "auth": {
              "anticlog_threshold": 16,
              "eap_reauth": false,
              "enable_mac_auth": false,
              "key_idx": 1,
              "keys": [],
              "multi_psk_only": false,
              "owe": "disabled",
              "pairwise": [],
              "private_wlan": false,
              "psk": "Juniper123",
              "type": "psk",
              "wep_as_secondary_auth": false
            },
            "auth_server_selection": "ordered",
            "auth_servers": null,
            "auth_servers_nas_id": null,
            "auth_servers_nas_ip": null,
            "auth_servers_retries": 2,
            "auth_servers_timeout": 5,
            "band_steer": false,
            "band_steer_force_band5": false,
            "bands": [
              "5"
            ],
            "block_blacklist_clients": false,
            "bonjour": null,
            "cisco_cwa": null,
            "client_limit_down": null,
            "client_limit_down_enabled": false,
            "client_limit_up": null,
            "client_limit_up_enabled": false,
            "coa_servers": null,
            "disable_11ax": false,
            "disable_ht_vht_rates": false,
            "disable_uapsd": false,
            "disable_v1_roam_notify": false,
            "disable_v2_roam_notify": false,
            "disable_wmm": false,
            "dns_server_rewrite": null,
            "dtim": 2,
            "dynamic_psk": null,
            "dynamic_vlan": null,
            "enable_local_keycaching": false,
            "enable_wireless_bridging": false,
            "enable_wireless_bridging_dhcp_tracking": false,
            "enabled": true,
            "fast_dot1x_timers": false,
            "hide_ssid": false,
            "hostname_ie": false,
            "hotspot20": null,
            "id": "734921a9-c3ec-45ba-a02a-e61659f3bf50",
            "inject_dhcp_option_82": null,
            "interface": "all",
            "isolation": false,
            "l2_isolation": false,
            "legacy_overds": false,
            "limit_bcast": false,
            "limit_probe_response": false,
            "max_idletime": 1800,
            "mist_nac": null,
            "msp_id": "",
            "mxtunnel_ids": [],
            "mxtunnel_name": [],
            "no_static_dns": false,
            "no_static_ip": false,
            "org_id": "992bf4b9-c900-4850-9992-107b2f9df928",
            "portal": {
              "amazon_client_id": "",
              "amazon_client_secret": "",
              "amazon_email_domains": [],
              "amazon_enabled": false,
              "amazon_expire": 0,
              "auth": "sso",
              "azure_client_id": "",
              "azure_client_secret": "",
              "azure_enabled": false,
              "azure_expire": 0,
              "azure_tenant_id": "",
              "broadnet_password": "",
              "broadnet_sid": "MIST",
              "broadnet_user_id": "",
              "bypass_when_cloud_down": true,
              "clickatell_api_key": "",
              "cross_site": false,
              "email_enabled": true,
              "enabled": true,
              "expire": 1440,
              "external_portal_url": "",
              "facebook_client_id": "",
              "facebook_client_secret": "",
              "facebook_email_domains": [],
              "facebook_enabled": false,
              "facebook_expire": 0,
              "forward": false,
              "forward_url": "",
              "google_client_id": "",
              "google_client_secret": "",
              "google_email_domains": [],
              "google_enabled": false,
              "google_expire": 0,
              "gupshup_password": "",
              "gupshup_userid": "",
              "microsoft_client_id": "",
              "microsoft_client_secret": "",
              "microsoft_email_domains": [],
              "microsoft_enabled": false,
              "microsoft_expire": 0,
              "passphrase_enabled": false,
              "passphrase_expire": 0,
              "password": "",
              "predefined_sponsors_enabled": true,
              "predefined_sponsors_hide_email": false,
              "privacy": false,
              "puzzel_password": "",
              "puzzel_service_id": "",
              "puzzel_username": "",
              "sms_enabled": false,
              "sms_expire": 0,
              "sms_message_format": "Code {{code}} expires in {{duration}} minutes.",
              "sms_provider": "manual",
              "sponsor_auto_approve": false,
              "sponsor_email_domains": [],
              "sponsor_enabled": false,
              "sponsor_expire": 0,
              "sponsor_link_validity_duration": "60",
              "sponsor_notify_all": false,
              "sponsor_status_notify": false,
              "sponsors": {},
              "sso_default_role": "",
              "sso_forced_role": "",
              "sso_idp_cert": "-----BEGIN CERTIFICATE-----\nMIIC8DCCAdigAwIBAgIQE5pOI9W1DZFHbB9m2Q7ADzANBgkqhkiG9w0BAQsFADA0MTIwMAYDVQQD\nEylNaWNyb3NvZnQgQXp1cmUgRmVkZXJhdGVkIFNTTyBDZXJ0aWZpY2F0ZTAeFw0yMjAyMDIxNDEz\nMTNaFw0yNTAyMDIxNDEzMTNaMDQxMjAwBgNVBAMTKU1pY3Jvc29mdCBBenVyZSBGZWRlcmF0ZWQg\nU1NPIENlcnRpZmljYXRlMIIBIjANBgkqhkiG9w0BAQEFAAOCAQ8AMIIBCgKCAQEA5gQTCccB3oE7\nelNYH2+11Q69Iq/2f3qf5KUZEQKwL++HyoBCOAM3wL3uLWwvRaih4+qpAeZvNsuShNIyB08SDcWN\nYsqVxaUsLYfzDD0c9VG9mwAx0Kh01S2JvtaLCaFveac7UXVfn/E/QbPXibS1EQvHUj0hwNXMrdS4\nh4TOk4D1Q70+OnCWyy7ykG1/RuO8UerIfqkQEy4C3QFb3Cyo4E7bEaYQo0NiCqD9IoM3B0wZib8Y\n3yRGJKdzXyDxuVJFb5rF7XMAHTWWAbxaN4KOLhZnjaJla7Pu/sFAj2Npm8Hm5pYEYBaUz4fc/8kg\nIwakFb3mnbnYw0xQwf+aJss1vQIDAQABMA0GCSqGSIb3DQEBCwUAA4IBAQCF+oKuLmnooDzALwaE\nbFVI7PVGhU7/UZzAnq6HHI9ngF0Af2+uIrvAz6rdUM1bsGhRbj3SV2oaj26pe/1TDrGescXWhTPw\nKcXOwBnVmFr8FlMkozwpHRNzCQyFYGiTAztgQcmtwF7pilVndOmEc+p3LvCdI5JZB+LtMM/o9V+1\n+Yhm4MEWO6wTSY+j7goc/vi5f76TDZPN6PkRv17+EkybEudJuTOuIoNiqsAbNB52bVNHtxFHGIwb\nH9iS45QJ4/RG1WUr91xe3Vzh/fp1BkiHZVL4iOywOIF0TYcW7h958JEf+q0HD5LUMO47NPEbc/Cd\n+fVCTXWzABXXy4D+S8gA\n-----END CERTIFICATE-----",
              "sso_idp_sign_algo": "sha256",
              "sso_idp_sso_url": "https://login.microsoftonline.com/f2532c2f-938c-4529-b6e4-aa26992b6b62/saml2",
              "sso_issuer": "https://sts.windows.net/f2532c2f-938c-4529-b6e4-aa26992b6b62/",
              "sso_nameid_format": "email",
              "telstra_client_id": "",
              "telstra_client_secret": "",
              "twilio_auth_token": "",
              "twilio_phone_number": "",
              "twilio_sid": ""
            },
            "portal_allowed_hostnames": [
              "login.microsoftonline.com",
              "portal.mist.com",
              "login.live.com",
              "aadcdn.msauth.net",
              "logincdn.msauth.net"
            ],
            "portal_allowed_subnets": [],
            "portal_api_secret": null,
            "portal_denied_hostnames": [],
            "portal_image": null,
            "portal_sso_url": "https://portal.mist.com/saml/734921a9-c3ec-45ba-a02a-e61659f3bf50/login",
            "portal_template_url": null,
            "qos": null,
            "radsec": null,
            "roam_mode": "11r",
            "schedule": null,
            "site_id": "19e06ed0-9ee9-4ac7-9d5c-dd1ed551a95c",
            "sle_excluded": false,
            "ssid": "MlN.test",
            "thumbnail": null,
            "use_eapol_v1": false,
            "vlan_enabled": false,
            "vlan_id": "143",
            "vlan_ids": [],
            "vlan_pooling": false,
            "wlan_limit_down": 0,
            "wlan_limit_down_enabled": false,
            "wlan_limit_up": 0,
            "wlan_limit_up_enabled": false,
            "wxtag_ids": [],
            "wxtunnel_id": "",
            "wxtunnel_remote_id": ""
          },
          "sensitive_attributes": [
            [
              {
                "type": "get_attr",
                "value": "auth"
              },
              {
                "type": "get_attr",
                "value": "psk"
              }
            ],
            [
              {
                "type": "get_attr",
                "value": "portal"
              },
              {
                "type": "get_attr",
                "value": "gupshup_password"
              }
            ],
            [
              {
                "type": "get_attr",
                "value": "portal"
              },
              {
                "type": "get_attr",
                "value": "puzzel_password"
              }
            ],
            [
              {
                "type": "get_attr",
                "value": "portal"
              },
              {
                "type": "get_attr",
                "value": "broadnet_password"
              }
            ],
            [
              {
                "type": "get_attr",
                "value": "portal"
              },
              {
                "type": "get_attr",
                "value": "password"
              }
            ]
          ],
          "dependencies": [
            "mist_org.terraform_test",
            "mist_org_sitegroup.test_group",
            "mist_org_sitegroup.test_group2",
            "mist_site.terraform_site"
          ]
        }
      ]
    },
    {
      "mode": "managed",
      "type": "mist_site_wlan",
      "name": "wlan_one",
      "provider": "provider[\"registry.terraform.io/juniper/mist\"]",
      "instances": [
        {
          "schema_version": 0,
          "attributes": {
            "acct_immediate_update": false,
            "acct_interim_interval": 0,
            "acct_servers": null,
            "airwatch": null,
            "allow_ipv6_ndp": true,
            "allow_mdns": false,
            "allow_ssdp": false,
            "ap_ids": [],
            "app_limit": null,
            "app_qos": null,
            "apply_to": null,
            "arp_filter": false,
            "auth": {
              "anticlog_threshold": 16,
              "eap_reauth": false,
              "enable_mac_auth": false,
              "key_idx": 1,
              "keys": [],
              "multi_psk_only": false,
              "owe": "disabled",
              "pairwise": [],
              "private_wlan": false,
              "psk": "secretpsk",
              "type": "psk",
              "wep_as_secondary_auth": false
            },
            "auth_server_selection": "ordered",
            "auth_servers": null,
            "auth_servers_nas_id": null,
            "auth_servers_nas_ip": null,
            "auth_servers_retries": 2,
            "auth_servers_timeout": 5,
            "band_steer": false,
            "band_steer_force_band5": false,
            "bands": [
              "5",
              "6"
            ],
            "block_blacklist_clients": false,
            "bonjour": null,
            "cisco_cwa": null,
            "client_limit_down": null,
            "client_limit_down_enabled": false,
            "client_limit_up": null,
            "client_limit_up_enabled": false,
            "coa_servers": null,
            "disable_11ax": false,
            "disable_ht_vht_rates": false,
            "disable_uapsd": false,
            "disable_v1_roam_notify": false,
            "disable_v2_roam_notify": false,
            "disable_wmm": false,
            "dns_server_rewrite": null,
            "dtim": 2,
            "dynamic_psk": null,
            "dynamic_vlan": {
              "default_vlan_ids": [
                "494"
              ],
              "enabled": true,
              "local_vlan_ids": [],
              "type": "standard",
              "vlans": {
                "460": "",
                "492": "",
                "494": ""
              }
            },
            "enable_local_keycaching": false,
            "enable_wireless_bridging": false,
            "enable_wireless_bridging_dhcp_tracking": false,
            "enabled": true,
            "fast_dot1x_timers": false,
            "hide_ssid": false,
            "hostname_ie": false,
            "hotspot20": null,
            "id": "783beefc-d68a-4a68-a0e2-a9b775cfaeed",
            "inject_dhcp_option_82": null,
            "interface": "all",
            "isolation": false,
            "l2_isolation": false,
            "legacy_overds": false,
            "limit_bcast": false,
            "limit_probe_response": false,
            "max_idletime": 1800,
            "mist_nac": null,
            "msp_id": "",
            "mxtunnel_ids": [],
            "mxtunnel_name": [],
            "no_static_dns": false,
            "no_static_ip": false,
            "org_id": "992bf4b9-c900-4850-9992-107b2f9df928",
            "portal": null,
            "portal_allowed_hostnames": [],
            "portal_allowed_subnets": [],
            "portal_api_secret": null,
            "portal_denied_hostnames": [],
            "portal_image": null,
            "portal_sso_url": null,
            "portal_template_url": null,
            "qos": null,
            "radsec": null,
            "roam_mode": "NONE",
            "schedule": null,
            "site_id": "19e06ed0-9ee9-4ac7-9d5c-dd1ed551a95c",
            "sle_excluded": false,
            "ssid": "wlan_one",
            "thumbnail": null,
            "use_eapol_v1": false,
            "vlan_enabled": false,
            "vlan_id": "143",
            "vlan_ids": [],
            "vlan_pooling": false,
            "wlan_limit_down": 0,
            "wlan_limit_down_enabled": false,
            "wlan_limit_up": 0,
            "wlan_limit_up_enabled": false,
            "wxtag_ids": [],
            "wxtunnel_id": "",
            "wxtunnel_remote_id": ""
          },
          "sensitive_attributes": [
            [
              {
                "type": "get_attr",
                "value": "auth"
              },
              {
                "type": "get_attr",
                "value": "psk"
              }
            ]
          ],
          "dependencies": [
            "mist_org.terraform_test",
            "mist_org_sitegroup.test_group",
            "mist_org_sitegroup.test_group2",
            "mist_site.terraform_site"
          ]
        }
      ]
    }
  ],
  "check_results": null
}
