{
  "version": 4,
  "terraform_version": "1.8.5",
  "serial": 550,
  "lineage": "b3ffaa77-1235-14bb-f123-a133955f78a0",
  "outputs": {},
  "resources": [
    {
      "mode": "managed",
      "type": "mist_org",
      "name": "terraform_test",
      "provider": "provider[\"registry.terraform.io/juniper/mist\"]",
      "instances": [
        {
          "schema_version": 0,
          "attributes": {
            "alarmtemplate_id": "",
            "allow_mist": true,
            "id": "0361cd9b-a480-4ba2-8cdd-7193ec102afa",
            "msp_id": "",
            "msp_logo_url": "",
            "msp_name": "",
            "name": "Terraform Testing",
            "orggroup_ids": [],
            "session_expiry": 1440
          },
          "sensitive_attributes": []
        }
      ]
    },
    {
      "mode": "managed",
      "type": "mist_site",
      "name": "terraform_site",
      "provider": "provider[\"registry.terraform.io/juniper/mist\"]",
      "instances": [
        {
          "schema_version": 0,
          "attributes": {
            "address": "77 Terrasse de l'Université, 92000 Nanterre, France",
            "alarmtemplate_id": "",
            "aptemplate_id": "",
            "country_code": "FR",
            "gatewaytemplate_id": "",
            "id": "28409ec2-5258-44c0-8cce-00a28d720870",
            "latlng": {
              "lat": 48.899268,
              "lng": 2.214447
            },
            "name": "terraform_site",
            "networktemplate_id": "",
            "notes": "Created with Terraform, Updated with Terraform",
            "org_id": "0361cd9b-a480-4ba2-8cdd-7193ec102afa",
            "rftemplate_id": "",
            "secpolicy_id": "",
            "sitegroup_ids": [
              "06b18a92-b64c-4f97-9b3e-fced41b99932",
              "b905a4dd-cace-4ab7-829c-dbc234fea0bc"
            ],
            "sitetemplate_id": "",
            "timezone": "Europe/Paris"
          },
          "sensitive_attributes": [],
          "dependencies": [
            "mist_org.terraform_test"
          ]
        }
      ]
    },
    {
      "mode": "managed",
      "type": "mist_site_setting",
      "name": "test",
      "provider": "provider[\"registry.terraform.io/juniper/mist\"]",
      "instances": [
        {
          "schema_version": 0,
          "attributes": {
            "analytic": {
              "enabled": true
            },
            "ap_updown_threshold": 5,
            "auto_upgrade": {
              "custom_versions": {},
              "day_of_week": "tue",
              "enabled": true,
              "time_of_day": "02:00",
              "version": "beta"
            },
            "blacklist_url": null,
            "ble_config": {
              "beacon_enabled": false,
              "beacon_rate": 0,
              "beacon_rate_mode": "",
              "beam_disabled": [],
              "custom_ble_packet_enabled": false,
              "custom_ble_packet_frame": "",
              "custom_ble_packet_freq_msec": 0,
              "eddystone_uid_adv_power": 0,
              "eddystone_uid_beams": "",
              "eddystone_uid_enabled": false,
              "eddystone_uid_freq_msec": 0,
              "eddystone_uid_instance": "",
              "eddystone_uid_namespace": "",
              "eddystone_url_adv_power": 0,
              "eddystone_url_beams": "",
              "eddystone_url_enabled": false,
              "eddystone_url_freq_msec": 0,
              "eddystone_url_url": "",
              "ibeacon_adv_power": 0,
              "ibeacon_beams": "",
              "ibeacon_enabled": false,
              "ibeacon_freq_msec": 0,
              "ibeacon_major": 0,
              "ibeacon_minor": 0,
              "ibeacon_uuid": "",
              "power": 0,
              "power_mode": ""
            },
            "config_auto_revert": true,
            "config_push_policy": {
              "no_push": false,
              "push_window": {
                "enabled": true,
                "hours": {
                  "fri": "",
                  "mon": "",
                  "sat": "",
                  "sun": "",
                  "thu": "",
                  "tue": "",
                  "wed": ""
                }
              }
            },
            "critical_url_monitoring": {
              "enabled": false,
              "monitors": []
            },
            "device_updown_threshold": 5,
            "disabled_system_defined_port_usages": [],
            "dns_servers": [
              "8.8.8.8",
              "1.1.1.1"
            ],
            "dns_suffix": [],
            "engagement": {
              "dwell_tag_names": {
                "bounce": "",
                "engaged": "",
                "passerby": "",
                "stationed": ""
              },
              "dwell_tags": {
                "bounce": "",
                "engaged": "",
                "passerby": "",
                "stationed": ""
              },
              "hours": {
                "fri": "",
                "mon": "",
                "sat": "",
                "sun": "",
                "thu": "",
                "tue": "",
                "wed": ""
              },
              "max_dwell": 0,
              "min_dwell": 0
            },
            "gateway_updown_threshold": 0,
            "led": {
              "brightness": 255,
              "enabled": true
            },
            "networks": {},
            "ntp_servers": [],
            "occupancy": {
              "assets_enabled": false,
              "clients_enabled": false,
              "min_duration": 0,
              "sdkclients_enabled": false,
              "unconnected_clients_enabled": false
            },
            "persist_config_on_device": true,
            "proxy": {
              "url": "http://myproxy:3128"
            },
            "report_gatt": false,
            "rogue": {
              "enabled": true,
              "honeypot_enabled": true,
              "min_duration": 5,
              "min_rssi": -80,
              "whitelisted_bssids": [],
              "whitelisted_ssids": []
            },
            "simple_alert": {
              "arp_failure": {
                "client_count": 0,
                "duration": 0,
                "incident_count": 0
              },
              "dhcp_failure": {
                "client_count": 0,
                "duration": 0,
                "incident_count": 0
              },
              "dns_failure": {
                "client_count": 0,
                "duration": 0,
                "incident_count": 0
              }
            },
            "site_id": "28409ec2-5258-44c0-8cce-00a28d720870",
            "skyatp": {
              "enabled": false,
              "send_ip_mac_mapping": false
            },
            "srx_app": {
              "enabled": false
            },
            "ssh_keys": [],
            "ssr": {
              "conductor_hosts": [],
              "disable_stats": false
            },
            "switch_updown_threshold": 0,
            "synthetic_test": {
              "disabled": false,
              "vlans": []
            },
            "track_anonymous_devices": false,
            "vars": {},
            "vna": {
              "enabled": false
            },
            "wan_vna": {
              "enabled": false
            },
            "watched_station_url": null,
            "whitelist_url": null,
            "wids": {
              "repeated_auth_failures": {
                "duration": 0,
                "threshold": 0
              }
            },
            "wifi": {
              "cisco_enabled": false,
              "disable_11k": false,
              "disable_radios_when_power_constrained": false,
              "enable_arp_spoof_check": false,
              "enable_shared_radio_scanning": false,
              "enabled": false,
              "locate_connected": false,
              "locate_unconnected": false,
              "mesh_allow_dfs": false,
              "mesh_enable_crm": false,
              "mesh_enabled": false,
              "mesh_psk": "",
              "mesh_ssid": "",
              "proxy_arp": ""
            },
            "wired_vna": {
              "enabled": false
            },
            "zone_occupancy_alert": {
              "email_notifiers": [],
              "enabled": false,
              "threshold": 0
            }
          },
          "sensitive_attributes": [],
          "dependencies": [
            "mist_org.terraform_test",
            "mist_site.terraform_site"
          ]
        }
      ]
    }
  ],
  "check_results": null
}
