{
  "version": 4,
  "terraform_version": "1.8.5",
  "serial": 611,
  "lineage": "b3ffaa77-1235-14bb-f123-a133955f78a0",
  "outputs": {},
  "resources": [
    {
      "mode": "managed",
      "type": "mist_gatewaytemplate",
      "name": "demo",
      "provider": "provider[\"registry.terraform.io/juniper/mist\"]",
      "instances": [
        {
          "schema_version": 0,
          "attributes": {
            "additional_config_cmds": [],
            "bgp_config": {
              "bgp-group1": {
                "auth_key": "",
                "bfd_minimum_interval": 350,
                "bfd_multiplier": 3,
                "communities": [],
                "disable_bfd": false,
                "export": "",
                "export_policy": "",
                "extended_v4_nexthop": false,
                "graceful_restart_time": 0,
                "hold_time": 90,
                "import": "",
                "import_policy": "ibgp-hub-preference",
                "local_as": 0,
                "neighbor_as": 0,
                "neighbors": {},
                "networks": [],
                "no_readvertise_to_overlay": false,
                "type": "",
                "via": "vpn",
                "vpn_name": "OrgOverlay",
                "wan_name": ""
              }
            },
            "dhcpd_config": {
              "config": {
                "corp_network": {
                  "dns_servers": [
                    "8.8.8.8",
                    "1.1.1.1"
                  ],
                  "dns_suffix": [],
                  "fixed_bindings": {},
                  "gateway": "{{corp_ip}}",
                  "ip_end": "{{corp_dhcp_end}}",
                  "ip_end6": "",
                  "ip_start": "{{corp_dhcp_start}}",
                  "ip_start6": "",
                  "lease_time": 86400,
                  "options": {},
                  "server_id_override": false,
                  "servers": [],
                  "servers6": [],
                  "type": "local",
                  "type6": "none",
                  "vendor_encapulated": {}
                }
              },
              "enabled": true
            },
            "dns_override": true,
            "dns_servers": [
              "8.8.8.8"
            ],
            "dns_suffix": [],
            "extra_routes": {},
            "id": "20829457-c1f0-43b2-9c92-50682f82bccc",
            "idp_profiles": {},
            "ip_configs": {
              "corp_network": {
                "ip": "{{corp_ip}}",
                "netmask": "/{{corp_CIDR}}",
                "secondary_ips": []
              }
            },
            "name": "sdwan-westford",
            "networks": [],
            "ntp_override": true,
            "ntp_servers": [
              "pool.ntp.org"
            ],
            "org_id": "0361cd9b-a480-4ba2-8cdd-7193ec102afa",
            "path_preferences": {
              "broadband-overlay": {
                "paths": [
                  {
                    "cost": 0,
                    "disabled": false,
                    "gateway_ip": "",
                    "internet_access": false,
                    "name": "sdwan_newyork_hub-external1.OrgOverlay",
                    "networks": [],
                    "target_ips": [],
                    "type": "vpn",
                    "wan_name": ""
                  }
                ],
                "strategy": "ordered"
              },
              "internet-breakout": {
                "paths": [
                  {
                    "cost": 0,
                    "disabled": false,
                    "gateway_ip": "",
                    "internet_access": false,
                    "name": "wan1-broadband",
                    "networks": [],
                    "target_ips": [],
                    "type": "wan",
                    "wan_name": ""
                  }
                ],
                "strategy": "ordered"
              },
              "to-corp-lan": {
                "paths": [
                  {
                    "cost": 0,
                    "disabled": false,
                    "gateway_ip": "",
                    "internet_access": false,
                    "name": "",
                    "networks": [
                      "corp_network"
                    ],
                    "target_ips": [],
                    "type": "local",
                    "wan_name": ""
                  }
                ],
                "strategy": "ordered"
              }
            },
            "port_config": {
              "ge-0/0/1": {
                "description": "",
                "disable_autoneg": false,
                "disabled": false,
                "dsl_type": "vdsl",
                "dsl_vci": 35,
                "dsl_vpi": 0,
                "duplex": "auto",
                "ip_config": {
                  "dns": [],
                  "dns_suffix": [],
                  "gateway": "{{broadband_gw_var}}",
                  "ip": "{{broadband_ip_var}}",
                  "netmask": "/{{broadband_prefix_var}}",
                  "network": "",
                  "poser_password": "",
                  "pppoe_auth": "none",
                  "pppoe_username": "",
                  "type": "static"
                },
                "lte_apn": "",
                "lte_auth": "none",
                "lte_backup": false,
                "lte_password": "",
                "lte_username": "",
                "mtu": 0,
                "name": "wan1-broadband",
                "networks": [],
                "outer_vlan_id": 0,
                "poe_disabled": false,
                "port_network": "",
                "preserve_dscp": true,
                "redundant": false,
                "reth_idx": 0,
                "reth_node": "",
                "reth_nodes": [],
                "speed": "auto",
                "ssr_no_virtual_mac": false,
                "svr_port_range": "none",
                "traffic_shaping": {
                  "class_percentages": [],
                  "enabled": false
                },
                "usage": "wan",
                "vlan_id": 0,
                "vpn_paths": {
                  "sdwan_newyork_hub-external1.OrgOverlay": {
                    "bfd_profile": "broadband",
                    "bfd_use_tunnel_mode": false,
                    "preference": 0,
                    "role": "spoke",
                    "traffic_shaping": {
                      "class_percentages": [],
                      "enabled": false
                    }
                  }
                },
                "wan_arp_policer": "recommended",
                "wan_ext_ip": "",
                "wan_source_nat": {
                  "disabled": false,
                  "nat_pool": ""
                },
                "wan_type": "broadband"
              },
              "ge-0/0/3": {
                "description": "",
                "disable_autoneg": false,
                "disabled": false,
                "dsl_type": "vdsl",
                "dsl_vci": 35,
                "dsl_vpi": 0,
                "duplex": "auto",
                "ip_config": {
                  "dns": [],
                  "dns_suffix": [],
                  "gateway": "",
                  "ip": "",
                  "netmask": "",
                  "network": "",
                  "poser_password": "",
                  "pppoe_auth": "none",
                  "pppoe_username": "",
                  "type": "dhcp"
                },
                "lte_apn": "",
                "lte_auth": "none",
                "lte_backup": false,
                "lte_password": "",
                "lte_username": "",
                "mtu": 0,
                "name": "",
                "networks": [
                  "corp_network"
                ],
                "outer_vlan_id": 0,
                "poe_disabled": false,
                "port_network": "",
                "preserve_dscp": true,
                "redundant": false,
                "reth_idx": 0,
                "reth_node": "",
                "reth_nodes": [],
                "speed": "auto",
                "ssr_no_virtual_mac": false,
                "svr_port_range": "none",
                "traffic_shaping": {
                  "class_percentages": [],
                  "enabled": false
                },
                "usage": "lan",
                "vlan_id": 0,
                "vpn_paths": {},
                "wan_arp_policer": "recommended",
                "wan_ext_ip": "",
                "wan_source_nat": {
                  "disabled": false,
                  "nat_pool": ""
                },
                "wan_type": "broadband"
              }
            },
            "router_id": "",
            "routing_policies": {
              "ibgp-hub-preference": {
                "terms": [
                  {
                    "action": {
                      "accept": false,
                      "add_community": [],
                      "add_target_vrfs": [],
                      "community": [],
                      "exclude_as_path": [],
                      "exclude_community": [],
                      "export_communitites": [],
                      "local_preference": "",
                      "prepend_as_path": []
                    },
                    "matching": {
                      "as_path": [],
                      "community": [],
                      "network": [],
                      "prefix": [
                        "172.76.128.0/24",
                        "172.36.128.0/24",
                        "192.168.94.0/24",
                        "192.168.93.0/24",
                        "192.168.92.0/24",
                        "192.168.95.0/24",
                        "192.168.91.0/24",
                        "172.46.128.0/24",
                        "172.66.128.0/24",
                        "172.56.128.0/24",
                        "24.0.0.0/29",
                        "192.168.90.0/24",
                        "192.168.97.0/24",
                        "192.168.98.0/24",
                        "192.168.94.0/24"
                      ],
                      "protocol": [
                        "bgp"
                      ],
                      "route_exists": {
                        "route": "",
                        "vrf_name": "default"
                      },
                      "vpn_neighbor_mac": [],
                      "vpn_path": [
                        "NewYork-newyork-broadband1.OrgOverlay",
                        "NewYork-newyork-broadband1-lte.OrgOverlay",
                        "SanFrancisco-sanfran-broadband1.OrgOverlay"
                      ],
                      "vpn_path_sla": {
                        "max_jitter": 0,
                        "max_latency": 0,
                        "max_loss": 0
                      }
                    }
                  }
                ]
              }
            },
            "service_policies": [
              {
                "action": "allow",
                "appqoe": {
                  "enabled": false
                },
                "ewf": [],
                "idp": {
                  "alert_only": false,
                  "enabled": false,
                  "idpprofile_id": "",
                  "profile": "strict"
                },
                "local_routing": false,
                "name": "inbound-hub-to-corp-net",
                "path_preferences": "",
                "servicepolicy_id": "",
                "services": [
                  "spoke-corp-network"
                ],
                "tenants": [
                  "corp_datacenter1",
                  "corp_datacenter2",
                  "core_dc2_network",
                  "mgmt_datacenter1",
                  "mgmt_datacenter2"
                ]
              },
              {
                "action": "allow",
                "appqoe": {
                  "enabled": false
                },
                "ewf": [],
                "idp": {
                  "alert_only": false,
                  "enabled": false,
                  "idpprofile_id": "",
                  "profile": "strict"
                },
                "local_routing": false,
                "name": "inbound-remote-spoke-to-corp-net",
                "path_preferences": "",
                "servicepolicy_id": "",
                "services": [
                  "spoke-corp-network"
                ],
                "tenants": [
                  "corp_network",
                  "mgmt_network"
                ]
              },
              {
                "action": "allow",
                "appqoe": {
                  "enabled": false
                },
                "ewf": [],
                "idp": {
                  "alert_only": false,
                  "enabled": false,
                  "idpprofile_id": "",
                  "profile": "strict"
                },
                "local_routing": false,
                "name": "outbound-to-hub-workloads",
                "path_preferences": "",
                "servicepolicy_id": "",
                "services": [
                  "datacenter1-mgmt-network",
                  "datacenter1-workloads",
                  "datacenter2-lan",
                  "datacenter2-mgmt-network",
                  "datacenter2-workloads"
                ],
                "tenants": [
                  "corp_network"
                ]
              },
              {
                "action": "allow",
                "appqoe": {
                  "enabled": false
                },
                "ewf": [],
                "idp": {
                  "alert_only": false,
                  "enabled": false,
                  "idpprofile_id": "",
                  "profile": "strict"
                },
                "local_routing": false,
                "name": "outbound-corp-internet",
                "path_preferences": "",
                "servicepolicy_id": "",
                "services": [
                  "corp-internet"
                ],
                "tenants": [
                  "corp_network"
                ]
              },
              {
                "action": "allow",
                "appqoe": {
                  "enabled": false
                },
                "ewf": [],
                "idp": {
                  "alert_only": false,
                  "enabled": false,
                  "idpprofile_id": "",
                  "profile": "strict"
                },
                "local_routing": false,
                "name": "application-test",
                "path_preferences": "",
                "servicepolicy_id": "",
                "services": [
                  "youtube"
                ],
                "tenants": [
                  "corp_network"
                ]
              },
              {
                "action": "deny",
                "appqoe": {
                  "enabled": false
                },
                "ewf": [],
                "idp": {
                  "alert_only": false,
                  "enabled": false,
                  "idpprofile_id": "",
                  "profile": "strict"
                },
                "local_routing": true,
                "name": "url-filtering",
                "path_preferences": "",
                "servicepolicy_id": "",
                "services": [
                  "blocked-categories"
                ],
                "tenants": [
                  "corp_network"
                ]
              }
            ],
            "tunnel_configs": {},
            "tunnel_provider_options": {
              "jse": {
                "name": "",
                "num_users": 0
              },
              "zscaler": {
                "aup_acceptance_required": true,
                "aup_expire": 1,
                "aup_ssl_proxy": false,
                "download_mbps": 0,
                "enable_aup": false,
                "enable_caution": false,
                "enforce_authentication": false,
                "name": "",
                "sub_locations": [],
                "upload_mbps": 0,
                "use_xff": false
              }
            },
            "type": "spoke"
          },
          "sensitive_attributes": [],
          "dependencies": [
            "mist_org.terraform_test"
          ]
        }
      ]
    },
    {
      "mode": "managed",
      "type": "mist_gatewaytemplate",
      "name": "stag",
      "provider": "provider[\"registry.terraform.io/juniper/mist\"]",
      "instances": [
        {
          "schema_version": 0,
          "attributes": {
            "additional_config_cmds": [],
            "bgp_config": {},
            "dhcpd_config": {
              "config": {},
              "enabled": false
            },
            "dns_override": false,
            "dns_servers": [],
            "dns_suffix": [],
            "extra_routes": {},
            "id": "403c7891-cc6f-48bc-b843-c6d5e9a617d9",
            "idp_profiles": {},
            "ip_configs": {
              "PRD-Core": {
                "ip": "10.3.100.9",
                "netmask": "/24",
                "secondary_ips": []
              },
              "PRD-Lab": {
                "ip": "10.3.171.1",
                "netmask": "/24",
                "secondary_ips": []
              },
              "PRD-Mgmt": {
                "ip": "10.3.172.1",
                "netmask": "/24",
                "secondary_ips": []
              }
            },
            "name": "test-api",
            "networks": [],
            "ntp_override": false,
            "ntp_servers": [],
            "org_id": "0361cd9b-a480-4ba2-8cdd-7193ec102afa",
            "path_preferences": {
              "HUB": {
                "paths": [
                  {
                    "cost": 0,
                    "disabled": false,
                    "gateway_ip": "",
                    "internet_access": false,
                    "name": "SSR_HUB_DC-MPLS.OrgOverlay",
                    "networks": [],
                    "target_ips": [],
                    "type": "vpn",
                    "wan_name": ""
                  }
                ],
                "strategy": "ordered"
              },
              "HUB-ECMP": {
                "paths": [
                  {
                    "cost": 30,
                    "disabled": false,
                    "gateway_ip": "",
                    "internet_access": false,
                    "name": "SSR_HUB_DC-MPLS.OrgOverlay",
                    "networks": [],
                    "target_ips": [],
                    "type": "vpn",
                    "wan_name": "LTE"
                  },
                  {
                    "cost": 30,
                    "disabled": false,
                    "gateway_ip": "",
                    "internet_access": false,
                    "name": "SSR_HUB_DC-MPLS.OrgOverlay",
                    "networks": [],
                    "target_ips": [],
                    "type": "vpn",
                    "wan_name": "FTTH"
                  }
                ],
                "strategy": "weighted"
              },
              "HUB-ORDERED": {
                "paths": [
                  {
                    "cost": 0,
                    "disabled": false,
                    "gateway_ip": "",
                    "internet_access": false,
                    "name": "SSR_HUB_DC-MPLS.OrgOverlay",
                    "networks": [],
                    "target_ips": [],
                    "type": "vpn",
                    "wan_name": "FTTH"
                  },
                  {
                    "cost": 0,
                    "disabled": false,
                    "gateway_ip": "",
                    "internet_access": false,
                    "name": "SSR_HUB_DC-MPLS.OrgOverlay",
                    "networks": [],
                    "target_ips": [],
                    "type": "vpn",
                    "wan_name": "LTE"
                  }
                ],
                "strategy": "ordered"
              }
            },
            "port_config": {
              "ge-0/0/3": {
                "description": "",
                "disable_autoneg": false,
                "disabled": false,
                "dsl_type": "vdsl",
                "dsl_vci": 35,
                "dsl_vpi": 0,
                "duplex": "auto",
                "ip_config": {
                  "dns": [],
                  "dns_suffix": [],
                  "gateway": "192.168.1.1",
                  "ip": "192.168.1.8",
                  "netmask": "/24",
                  "network": "",
                  "poser_password": "",
                  "pppoe_auth": "none",
                  "pppoe_username": "",
                  "type": "static"
                },
                "lte_apn": "",
                "lte_auth": "none",
                "lte_backup": false,
                "lte_password": "",
                "lte_username": "",
                "mtu": 0,
                "name": "FTTH",
                "networks": [],
                "outer_vlan_id": 0,
                "poe_disabled": false,
                "port_network": "",
                "preserve_dscp": true,
                "redundant": false,
                "reth_idx": 0,
                "reth_node": "",
                "reth_nodes": [],
                "speed": "auto",
                "ssr_no_virtual_mac": false,
                "svr_port_range": "none",
                "traffic_shaping": {
                  "class_percentages": [],
                  "enabled": false
                },
                "usage": "wan",
                "vlan_id": 0,
                "vpn_paths": {
                  "SSR_HUB_DC-MPLS.OrgOverlay": {
                    "bfd_profile": "broadband",
                    "bfd_use_tunnel_mode": false,
                    "preference": 0,
                    "role": "spoke",
                    "traffic_shaping": {
                      "class_percentages": [],
                      "enabled": false
                    }
                  }
                },
                "wan_arp_policer": "recommended",
                "wan_ext_ip": "",
                "wan_source_nat": {
                  "disabled": false,
                  "nat_pool": ""
                },
                "wan_type": "broadband"
              },
              "ge-0/0/4": {
                "description": "",
                "disable_autoneg": false,
                "disabled": false,
                "dsl_type": "vdsl",
                "dsl_vci": 35,
                "dsl_vpi": 0,
                "duplex": "auto",
                "ip_config": {
                  "dns": [],
                  "dns_suffix": [],
                  "gateway": "",
                  "ip": "",
                  "netmask": "",
                  "network": "",
                  "poser_password": "",
                  "pppoe_auth": "none",
                  "pppoe_username": "",
                  "type": "dhcp"
                },
                "lte_apn": "",
                "lte_auth": "none",
                "lte_backup": false,
                "lte_password": "",
                "lte_username": "",
                "mtu": 0,
                "name": "LTE",
                "networks": [],
                "outer_vlan_id": 0,
                "poe_disabled": false,
                "port_network": "",
                "preserve_dscp": true,
                "redundant": false,
                "reth_idx": 0,
                "reth_node": "",
                "reth_nodes": [],
                "speed": "auto",
                "ssr_no_virtual_mac": false,
                "svr_port_range": "none",
                "traffic_shaping": {
                  "class_percentages": [],
                  "enabled": false
                },
                "usage": "wan",
                "vlan_id": 0,
                "vpn_paths": {
                  "SSR_HUB_DC-MPLS.OrgOverlay": {
                    "bfd_profile": "broadband",
                    "bfd_use_tunnel_mode": false,
                    "preference": 0,
                    "role": "spoke",
                    "traffic_shaping": {
                      "class_percentages": [],
                      "enabled": false
                    }
                  }
                },
                "wan_arp_policer": "recommended",
                "wan_ext_ip": "",
                "wan_source_nat": {
                  "disabled": false,
                  "nat_pool": ""
                },
                "wan_type": "broadband"
              },
              "ge-0/0/5": {
                "description": "",
                "disable_autoneg": false,
                "disabled": false,
                "dsl_type": "vdsl",
                "dsl_vci": 35,
                "dsl_vpi": 0,
                "duplex": "auto",
                "ip_config": {
                  "dns": [],
                  "dns_suffix": [],
                  "gateway": "",
                  "ip": "",
                  "netmask": "",
                  "network": "",
                  "poser_password": "",
                  "pppoe_auth": "none",
                  "pppoe_username": "",
                  "type": "dhcp"
                },
                "lte_apn": "",
                "lte_auth": "none",
                "lte_backup": false,
                "lte_password": "",
                "lte_username": "",
                "mtu": 0,
                "name": "",
                "networks": [
                  "PRD-Core"
                ],
                "outer_vlan_id": 0,
                "poe_disabled": false,
                "port_network": "",
                "preserve_dscp": true,
                "redundant": false,
                "reth_idx": 0,
                "reth_node": "",
                "reth_nodes": [],
                "speed": "auto",
                "ssr_no_virtual_mac": false,
                "svr_port_range": "none",
                "traffic_shaping": {
                  "class_percentages": [],
                  "enabled": false
                },
                "usage": "lan",
                "vlan_id": 0,
                "vpn_paths": {},
                "wan_arp_policer": "recommended",
                "wan_ext_ip": "",
                "wan_source_nat": {
                  "disabled": false,
                  "nat_pool": ""
                },
                "wan_type": "broadband"
              },
              "ge-0/0/6": {
                "description": "",
                "disable_autoneg": false,
                "disabled": false,
                "dsl_type": "vdsl",
                "dsl_vci": 35,
                "dsl_vpi": 0,
                "duplex": "auto",
                "ip_config": {
                  "dns": [],
                  "dns_suffix": [],
                  "gateway": "",
                  "ip": "",
                  "netmask": "",
                  "network": "",
                  "poser_password": "",
                  "pppoe_auth": "none",
                  "pppoe_username": "",
                  "type": "dhcp"
                },
                "lte_apn": "",
                "lte_auth": "none",
                "lte_backup": false,
                "lte_password": "",
                "lte_username": "",
                "mtu": 0,
                "name": "",
                "networks": [
                  "PRD-Lab"
                ],
                "outer_vlan_id": 0,
                "poe_disabled": false,
                "port_network": "",
                "preserve_dscp": true,
                "redundant": false,
                "reth_idx": 0,
                "reth_node": "",
                "reth_nodes": [],
                "speed": "auto",
                "ssr_no_virtual_mac": false,
                "svr_port_range": "none",
                "traffic_shaping": {
                  "class_percentages": [],
                  "enabled": false
                },
                "usage": "lan",
                "vlan_id": 0,
                "vpn_paths": {},
                "wan_arp_policer": "recommended",
                "wan_ext_ip": "",
                "wan_source_nat": {
                  "disabled": false,
                  "nat_pool": ""
                },
                "wan_type": "broadband"
              },
              "ge-0/0/7": {
                "description": "",
                "disable_autoneg": false,
                "disabled": false,
                "dsl_type": "vdsl",
                "dsl_vci": 35,
                "dsl_vpi": 0,
                "duplex": "auto",
                "ip_config": {
                  "dns": [],
                  "dns_suffix": [],
                  "gateway": "",
                  "ip": "",
                  "netmask": "",
                  "network": "",
                  "poser_password": "",
                  "pppoe_auth": "none",
                  "pppoe_username": "",
                  "type": "dhcp"
                },
                "lte_apn": "",
                "lte_auth": "none",
                "lte_backup": false,
                "lte_password": "",
                "lte_username": "",
                "mtu": 0,
                "name": "",
                "networks": [
                  "PRD-Mgmt"
                ],
                "outer_vlan_id": 0,
                "poe_disabled": false,
                "port_network": "",
                "preserve_dscp": true,
                "redundant": false,
                "reth_idx": 0,
                "reth_node": "",
                "reth_nodes": [],
                "speed": "auto",
                "ssr_no_virtual_mac": false,
                "svr_port_range": "none",
                "traffic_shaping": {
                  "class_percentages": [],
                  "enabled": false
                },
                "usage": "lan",
                "vlan_id": 0,
                "vpn_paths": {},
                "wan_arp_policer": "recommended",
                "wan_ext_ip": "",
                "wan_source_nat": {
                  "disabled": false,
                  "nat_pool": ""
                },
                "wan_type": "broadband"
              }
            },
            "router_id": "",
            "routing_policies": {},
            "service_policies": [
              {
                "action": "allow",
                "appqoe": {
                  "enabled": false
                },
                "ewf": [],
                "idp": {
                  "alert_only": false,
                  "enabled": true,
                  "idpprofile_id": "",
                  "profile": "critical"
                },
                "local_routing": false,
                "name": "Policy-14",
                "path_preferences": "",
                "servicepolicy_id": "",
                "services": [
                  "any"
                ],
                "tenants": [
                  "PRD-Core"
                ]
              },
              {
                "action": "allow",
                "appqoe": {
                  "enabled": false
                },
                "ewf": [],
                "idp": {
                  "alert_only": true,
                  "enabled": true,
                  "idpprofile_id": "",
                  "profile": "standard"
                },
                "local_routing": false,
                "name": "Policy-2",
                "path_preferences": "",
                "servicepolicy_id": "",
                "services": [
                  "any"
                ],
                "tenants": [
                  "PRD-Mgmt"
                ]
              },
              {
                "action": "allow",
                "appqoe": {
                  "enabled": false
                },
                "ewf": [],
                "idp": {
                  "alert_only": false,
                  "enabled": false,
                  "idpprofile_id": "",
                  "profile": "strict"
                },
                "local_routing": false,
                "name": "Policy-3",
                "path_preferences": "",
                "servicepolicy_id": "",
                "services": [
                  "any"
                ],
                "tenants": [
                  "PRD-Lab"
                ]
              }
            ],
            "tunnel_configs": {},
            "tunnel_provider_options": {
              "jse": {
                "name": "",
                "num_users": 0
              },
              "zscaler": {
                "aup_acceptance_required": true,
                "aup_expire": 1,
                "aup_ssl_proxy": false,
                "download_mbps": 0,
                "enable_aup": false,
                "enable_caution": false,
                "enforce_authentication": false,
                "name": "",
                "sub_locations": [],
                "upload_mbps": 0,
                "use_xff": false
              }
            },
            "type": "spoke"
          },
          "sensitive_attributes": [],
          "dependencies": [
            "mist_org.terraform_test"
          ]
        }
      ]
    },
    {
      "mode": "managed",
      "type": "mist_nacrule",
      "name": "default_wired",
      "provider": "provider[\"registry.terraform.io/juniper/mist\"]",
      "instances": [
        {
          "schema_version": 0,
          "attributes": {
            "action": "allow",
            "apply_tags": [
              "63028599-7570-49c9-83c5-ea83a4262882"
            ],
            "enabled": true,
            "id": "6e6d6076-7fa5-4894-9c5b-7c4432dc2f1e",
            "matching": {
              "auth_type": "",
              "nactags": [],
              "port_types": [
                "wired"
              ],
              "site_ids": [],
              "sitegroup_ids": [],
              "vendor": []
            },
            "name": "Default-Wired",
            "not_matching": {
              "auth_type": "",
              "nactags": [],
              "port_types": [
                "wired"
              ],
              "site_ids": [],
              "sitegroup_ids": [],
              "vendor": []
            },
            "order": 11,
            "org_id": "0361cd9b-a480-4ba2-8cdd-7193ec102afa"
          },
          "sensitive_attributes": [],
          "dependencies": [
            "mist_nactag.vlan_reg",
            "mist_org.terraform_test"
          ]
        }
      ]
    },
    {
      "mode": "managed",
      "type": "mist_nacrule",
      "name": "test",
      "provider": "provider[\"registry.terraform.io/juniper/mist\"]",
      "instances": [
        {
          "schema_version": 0,
          "attributes": {
            "action": "allow",
            "apply_tags": [],
            "enabled": true,
            "id": "64bd5d79-191f-4ad7-bcee-915195e06765",
            "matching": {
              "auth_type": "eap-teap",
              "nactags": [
                "647bd21c-ab5a-4f72-abbe-602a430f50e1"
              ],
              "port_types": [
                "wired"
              ],
              "site_ids": [],
              "sitegroup_ids": [],
              "vendor": []
            },
            "name": "test",
            "not_matching": {
              "auth_type": "eap-teap",
              "nactags": [
                "647bd21c-ab5a-4f72-abbe-602a430f50e1"
              ],
              "port_types": [
                "wired"
              ],
              "site_ids": [],
              "sitegroup_ids": [],
              "vendor": []
            },
            "order": 0,
            "org_id": "0361cd9b-a480-4ba2-8cdd-7193ec102afa"
          },
          "sensitive_attributes": [],
          "dependencies": [
            "mist_nactag.ssid_mln_nac",
            "mist_org.terraform_test"
          ]
        }
      ]
    },
    {
      "mode": "managed",
      "type": "mist_nacrule",
      "name": "wifi_teap_corp",
      "provider": "provider[\"registry.terraform.io/juniper/mist\"]",
      "instances": [
        {
          "schema_version": 0,
          "attributes": {
            "action": "allow",
            "apply_tags": [
              "70ef6fd1-40e2-464a-a87e-3c09954b11e1",
              "59501966-f69b-4b39-bfed-ea0ecf1822e1",
              "273c4a2c-9609-4f7a-9e05-310ddb1a2789"
            ],
            "enabled": true,
            "id": "9fd4a4a4-1a4c-47ca-b70f-3a1b83203e49",
            "matching": {
              "auth_type": "eap-teap",
              "nactags": [
                "647bd21c-ab5a-4f72-abbe-602a430f50e1"
              ],
              "port_types": [
                "wireless"
              ],
              "site_ids": [],
              "sitegroup_ids": [],
              "vendor": []
            },
            "name": "Wi-Fi TEAP - STA",
            "not_matching": {
              "auth_type": "eap-teap",
              "nactags": [
                "647bd21c-ab5a-4f72-abbe-602a430f50e1"
              ],
              "port_types": [
                "wireless"
              ],
              "site_ids": [],
              "sitegroup_ids": [],
              "vendor": []
            },
            "order": 1,
            "org_id": "0361cd9b-a480-4ba2-8cdd-7193ec102afa"
          },
          "sensitive_attributes": [],
          "dependencies": [
            "mist_nactag.role_byod",
            "mist_nactag.session_1d",
            "mist_nactag.ssid_mln_nac",
            "mist_nactag.vlan_sta",
            "mist_org.terraform_test"
          ]
        }
      ]
    },
    {
      "mode": "managed",
      "type": "mist_nacrule",
      "name": "wifi_teap_sta",
      "provider": "provider[\"registry.terraform.io/juniper/mist\"]",
      "instances": [
        {
          "schema_version": 0,
          "attributes": {
            "action": "allow",
            "apply_tags": [
              "273c4a2c-9609-4f7a-9e05-310ddb1a2789",
              "c1f9dbaa-0ade-4ff9-9a3b-a4229ba8c2be"
            ],
            "enabled": true,
            "id": "46a70628-0658-4b07-8111-f8ac30bca158",
            "matching": {
              "auth_type": "cert",
              "nactags": [],
              "port_types": [
                "wired"
              ],
              "site_ids": [],
              "sitegroup_ids": [],
              "vendor": []
            },
            "name": "Wired TLS - Corp",
            "not_matching": {
              "auth_type": "cert",
              "nactags": [],
              "port_types": [
                "wired"
              ],
              "site_ids": [],
              "sitegroup_ids": [],
              "vendor": []
            },
            "order": 8,
            "org_id": "0361cd9b-a480-4ba2-8cdd-7193ec102afa"
          },
          "sensitive_attributes": [],
          "dependencies": [
            "mist_nactag.session_1d",
            "mist_nactag.vlan_srv",
            "mist_org.terraform_test"
          ]
        }
      ]
    },
    {
      "mode": "managed",
      "type": "mist_nacrule",
      "name": "wifi_tls_corp",
      "provider": "provider[\"registry.terraform.io/juniper/mist\"]",
      "instances": [
        {
          "schema_version": 0,
          "attributes": {
            "action": "allow",
            "apply_tags": [
              "70ef6fd1-40e2-464a-a87e-3c09954b11e1",
              "be2f2f1a-2786-4b63-b9de-b5b395246299",
              "273c4a2c-9609-4f7a-9e05-310ddb1a2789"
            ],
            "enabled": true,
            "id": "960ceb39-0277-4b64-adaa-55e5a87aef05",
            "matching": {
              "auth_type": "cert",
              "nactags": [
                "647bd21c-ab5a-4f72-abbe-602a430f50e1",
                "a65f4e7c-adb1-4529-aaa6-945d2718d5d1",
                "93702ce5-22cb-48f8-8810-3a84c58f1594"
              ],
              "port_types": [
                "wireless"
              ],
              "site_ids": [],
              "sitegroup_ids": [],
              "vendor": []
            },
            "name": "Wi-Fi TLS - Corporate",
            "not_matching": {
              "auth_type": "cert",
              "nactags": [
                "647bd21c-ab5a-4f72-abbe-602a430f50e1",
                "a65f4e7c-adb1-4529-aaa6-945d2718d5d1",
                "93702ce5-22cb-48f8-8810-3a84c58f1594"
              ],
              "port_types": [
                "wireless"
              ],
              "site_ids": [],
              "sitegroup_ids": [],
              "vendor": []
            },
            "order": 2,
            "org_id": "0361cd9b-a480-4ba2-8cdd-7193ec102afa"
          },
          "sensitive_attributes": [],
          "dependencies": [
            "mist_nactag.cert_juniper",
            "mist_nactag.cert_tm",
            "mist_nactag.role_corp",
            "mist_nactag.session_1d",
            "mist_nactag.ssid_mln_nac",
            "mist_nactag.vlan_sta",
            "mist_org.terraform_test"
          ]
        }
      ]
    },
    {
      "mode": "managed",
      "type": "mist_nacrule",
      "name": "wifi_tls_minc_sta",
      "provider": "provider[\"registry.terraform.io/juniper/mist\"]",
      "instances": [
        {
          "schema_version": 0,
          "attributes": {
            "action": "allow",
            "apply_tags": [
              "70ef6fd1-40e2-464a-a87e-3c09954b11e1",
              "59501966-f69b-4b39-bfed-ea0ecf1822e1",
              "273c4a2c-9609-4f7a-9e05-310ddb1a2789"
            ],
            "enabled": true,
            "id": "d120dca3-568d-41a2-a6dc-07ef5d9d9560",
            "matching": {
              "auth_type": "cert",
              "nactags": [
                "da310b5e-fa46-4917-9460-30758f5edf6c",
                "56d02456-797b-4585-bd48-59d9db537c45",
                "647bd21c-ab5a-4f72-abbe-602a430f50e1",
                "e94ed3fb-cf50-4fb8-bb58-fd89afa0d0a4"
              ],
              "port_types": [
                "wireless"
              ],
              "site_ids": [],
              "sitegroup_ids": [],
              "vendor": []
            },
            "name": "Wi-Fi TLS MINC - STA",
            "not_matching": {
              "auth_type": "cert",
              "nactags": [
                "da310b5e-fa46-4917-9460-30758f5edf6c",
                "56d02456-797b-4585-bd48-59d9db537c45",
                "647bd21c-ab5a-4f72-abbe-602a430f50e1",
                "e94ed3fb-cf50-4fb8-bb58-fd89afa0d0a4"
              ],
              "port_types": [
                "wireless"
              ],
              "site_ids": [],
              "sitegroup_ids": [],
              "vendor": []
            },
            "order": 4,
            "org_id": "0361cd9b-a480-4ba2-8cdd-7193ec102afa"
          },
          "sensitive_attributes": [],
          "dependencies": [
            "mist_nactag.cert_stag",
            "mist_nactag.group_dot11",
            "mist_nactag.mdm_non_compliant",
            "mist_nactag.role_byod",
            "mist_nactag.session_1d",
            "mist_nactag.ssid_mln_nac",
            "mist_nactag.vlan_sta",
            "mist_org.terraform_test"
          ]
        }
      ]
    },
    {
      "mode": "managed",
      "type": "mist_nacrule",
      "name": "wifi_tls_sta",
      "provider": "provider[\"registry.terraform.io/juniper/mist\"]",
      "instances": [
        {
          "schema_version": 0,
          "attributes": {
            "action": "allow",
            "apply_tags": [
              "70ef6fd1-40e2-464a-a87e-3c09954b11e1"
            ],
            "enabled": true,
            "id": "60862d52-0a73-4c17-8a97-6fae5f63a692",
            "matching": {
              "auth_type": "cert",
              "nactags": [
                "da310b5e-fa46-4917-9460-30758f5edf6c",
                "647bd21c-ab5a-4f72-abbe-602a430f50e1"
              ],
              "port_types": [
                "wireless"
              ],
              "site_ids": [],
              "sitegroup_ids": [],
              "vendor": []
            },
            "name": "Wi-Fi TLS - STA",
            "not_matching": {
              "auth_type": "cert",
              "nactags": [
                "da310b5e-fa46-4917-9460-30758f5edf6c",
                "647bd21c-ab5a-4f72-abbe-602a430f50e1"
              ],
              "port_types": [
                "wireless"
              ],
              "site_ids": [],
              "sitegroup_ids": [],
              "vendor": []
            },
            "order": 5,
            "org_id": "0361cd9b-a480-4ba2-8cdd-7193ec102afa"
          },
          "sensitive_attributes": [],
          "dependencies": [
            "mist_nactag.cert_stag",
            "mist_nactag.ssid_mln_nac",
            "mist_nactag.vlan_sta",
            "mist_org.terraform_test"
          ]
        }
      ]
    },
    {
      "mode": "managed",
      "type": "mist_nacrule",
      "name": "wifi_tsl_mic_sta",
      "provider": "provider[\"registry.terraform.io/juniper/mist\"]",
      "instances": [
        {
          "schema_version": 0,
          "attributes": {
            "action": "allow",
            "apply_tags": [
              "70ef6fd1-40e2-464a-a87e-3c09954b11e1",
              "59501966-f69b-4b39-bfed-ea0ecf1822e1",
              "273c4a2c-9609-4f7a-9e05-310ddb1a2789"
            ],
            "enabled": true,
            "id": "fd29a083-ad5b-4313-9a61-1120a990322d",
            "matching": {
              "auth_type": "eap-tls",
              "nactags": [
                "da310b5e-fa46-4917-9460-30758f5edf6c",
                "56d02456-797b-4585-bd48-59d9db537c45",
                "647bd21c-ab5a-4f72-abbe-602a430f50e1",
                "6fb99527-79cc-447d-846e-f440697a7255"
              ],
              "port_types": [
                "wireless"
              ],
              "site_ids": [],
              "sitegroup_ids": [],
              "vendor": []
            },
            "name": "Wi-Fi TLS MIC - STA",
            "not_matching": {
              "auth_type": "eap-tls",
              "nactags": [
                "da310b5e-fa46-4917-9460-30758f5edf6c",
                "56d02456-797b-4585-bd48-59d9db537c45",
                "647bd21c-ab5a-4f72-abbe-602a430f50e1",
                "6fb99527-79cc-447d-846e-f440697a7255"
              ],
              "port_types": [
                "wireless"
              ],
              "site_ids": [],
              "sitegroup_ids": [],
              "vendor": []
            },
            "order": 3,
            "org_id": "0361cd9b-a480-4ba2-8cdd-7193ec102afa"
          },
          "sensitive_attributes": [],
          "dependencies": [
            "mist_nactag.cert_stag",
            "mist_nactag.group_dot11",
            "mist_nactag.mdm_compliant",
            "mist_nactag.role_byod",
            "mist_nactag.session_1d",
            "mist_nactag.ssid_mln_nac",
            "mist_nactag.vlan_sta",
            "mist_org.terraform_test"
          ]
        }
      ]
    },
    {
      "mode": "managed",
      "type": "mist_nacrule",
      "name": "wired_mac_ap_stag",
      "provider": "provider[\"registry.terraform.io/juniper/mist\"]",
      "instances": [
        {
          "schema_version": 0,
          "attributes": {
            "action": "allow",
            "apply_tags": [],
            "enabled": true,
            "id": "b871c6f6-7f70-4a14-8178-67ec4711294f",
            "matching": {
              "auth_type": "mab",
              "nactags": [
                "32b5f255-1def-4285-bcc9-9a023b2938ed"
              ],
              "port_types": [
                "wired"
              ],
              "site_ids": [],
              "sitegroup_ids": [],
              "vendor": []
            },
            "name": "Wired MAB - AP Staging",
            "not_matching": {
              "auth_type": "mab",
              "nactags": [
                "32b5f255-1def-4285-bcc9-9a023b2938ed"
              ],
              "port_types": [
                "wired"
              ],
              "site_ids": [],
              "sitegroup_ids": [],
              "vendor": []
            },
            "order": 7,
            "org_id": "0361cd9b-a480-4ba2-8cdd-7193ec102afa"
          },
          "sensitive_attributes": [],
          "dependencies": [
            "mist_nactag.mac_ap",
            "mist_org.terraform_test"
          ]
        }
      ]
    },
    {
      "mode": "managed",
      "type": "mist_nacrule",
      "name": "wired_mac_sta",
      "provider": "provider[\"registry.terraform.io/juniper/mist\"]",
      "instances": [
        {
          "schema_version": 0,
          "attributes": {
            "action": "allow",
            "apply_tags": [
              "70ef6fd1-40e2-464a-a87e-3c09954b11e1"
            ],
            "enabled": true,
            "id": "eaa47c7a-9b0c-4dd3-af7c-ced50bfa8376",
            "matching": {
              "auth_type": "mab",
              "nactags": [
                "d3b51d02-50bc-4158-a589-81dfe56448dc"
              ],
              "port_types": [
                "wired"
              ],
              "site_ids": [],
              "sitegroup_ids": [],
              "vendor": []
            },
            "name": "Wired MAB - STA",
            "not_matching": {
              "auth_type": "mab",
              "nactags": [
                "d3b51d02-50bc-4158-a589-81dfe56448dc"
              ],
              "port_types": [
                "wired"
              ],
              "site_ids": [],
              "sitegroup_ids": [],
              "vendor": []
            },
            "order": 10,
            "org_id": "0361cd9b-a480-4ba2-8cdd-7193ec102afa"
          },
          "sensitive_attributes": [],
          "dependencies": [
            "mist_nactag.mac_pc",
            "mist_nactag.vlan_sta",
            "mist_org.terraform_test"
          ]
        }
      ]
    },
    {
      "mode": "managed",
      "type": "mist_nacrule",
      "name": "wired_man",
      "provider": "provider[\"registry.terraform.io/juniper/mist\"]",
      "instances": [
        {
          "schema_version": 0,
          "attributes": {
            "action": "allow",
            "apply_tags": [
              "c1f9dbaa-0ade-4ff9-9a3b-a4229ba8c2be",
              "273c4a2c-9609-4f7a-9e05-310ddb1a2789"
            ],
            "enabled": true,
            "id": "ab7f3091-1864-4c20-98b6-53947234cdda",
            "matching": {
              "auth_type": "mab",
              "nactags": [
                "823f81fc-9f13-4588-afba-604092a58e81"
              ],
              "port_types": [
                "wired"
              ],
              "site_ids": [],
              "sitegroup_ids": [],
              "vendor": []
            },
            "name": "Wired MAB - SRV",
            "not_matching": {
              "auth_type": "mab",
              "nactags": [
                "823f81fc-9f13-4588-afba-604092a58e81"
              ],
              "port_types": [
                "wired"
              ],
              "site_ids": [],
              "sitegroup_ids": [],
              "vendor": []
            },
            "order": 9,
            "org_id": "0361cd9b-a480-4ba2-8cdd-7193ec102afa"
          },
          "sensitive_attributes": [],
          "dependencies": [
            "mist_nactag.mac_srv",
            "mist_nactag.session_1d",
            "mist_nactag.vlan_srv",
            "mist_org.terraform_test"
          ]
        }
      ]
    },
    {
      "mode": "managed",
      "type": "mist_nacrule",
      "name": "wired_tls_ap",
      "provider": "provider[\"registry.terraform.io/juniper/mist\"]",
      "instances": [
        {
          "schema_version": 0,
          "attributes": {
            "action": "allow",
            "apply_tags": [
              "32f71df7-6f30-4387-9af1-5940577bf25c",
              "5fedfe43-9ed9-4329-94e2-e0f80352cbfb"
            ],
            "enabled": true,
            "id": "e2bd84f4-5558-4335-9cf8-f834bb893491",
            "matching": {
              "auth_type": "cert",
              "nactags": [
                "134bacd1-d6ab-45b8-acbc-9fffc3d57e97",
                "cert",
                "4d001583-1cf9-4225-9dd1-af10cdbb00f2"
              ],
              "port_types": [
                "wired"
              ],
              "site_ids": [],
              "sitegroup_ids": [],
              "vendor": []
            },
            "name": "Wired TLS - AP Prod",
            "not_matching": {
              "auth_type": "cert",
              "nactags": [
                "134bacd1-d6ab-45b8-acbc-9fffc3d57e97",
                "cert",
                "4d001583-1cf9-4225-9dd1-af10cdbb00f2"
              ],
              "port_types": [
                "wired"
              ],
              "site_ids": [],
              "sitegroup_ids": [],
              "vendor": []
            },
            "order": 6,
            "org_id": "0361cd9b-a480-4ba2-8cdd-7193ec102afa"
          },
          "sensitive_attributes": [],
          "dependencies": [
            "mist_nactag.cert_mist",
            "mist_nactag.cert_mist_eu",
            "mist_nactag.session_7d",
            "mist_nactag.trunk_ap",
            "mist_org.terraform_test"
          ]
        }
      ]
    },
    {
      "mode": "managed",
      "type": "mist_nactag",
      "name": "cert_juniper",
      "provider": "provider[\"registry.terraform.io/juniper/mist\"]",
      "instances": [
        {
          "schema_version": 0,
          "attributes": {
            "allow_usermac_override": false,
            "egress_vlan_names": [],
            "gbp_tag": 0,
            "id": "a65f4e7c-adb1-4529-aaa6-945d2718d5d1",
            "match": "cert_issuer",
            "match_all": false,
            "name": "cert.Juniper CA",
            "org_id": "0361cd9b-a480-4ba2-8cdd-7193ec102afa",
            "radius_attrs": [],
            "radius_group": "",
            "radius_vendor_attrs": [],
            "session_timeout": 0,
            "type": "match",
            "values": [
              "/DC=net/DC=jnpr/CN=Juniper Networks Issuing AWS1 CA"
            ],
            "vlan": ""
          },
          "sensitive_attributes": [],
          "dependencies": [
            "mist_org.terraform_test"
          ]
        }
      ]
    },
    {
      "mode": "managed",
      "type": "mist_nactag",
      "name": "cert_mist",
      "provider": "provider[\"registry.terraform.io/juniper/mist\"]",
      "instances": [
        {
          "schema_version": 0,
          "attributes": {
            "allow_usermac_override": false,
            "egress_vlan_names": [],
            "gbp_tag": 0,
            "id": "134bacd1-d6ab-45b8-acbc-9fffc3d57e97",
            "match": "cert_issuer",
            "match_all": false,
            "name": "cert.Mist",
            "org_id": "0361cd9b-a480-4ba2-8cdd-7193ec102afa",
            "radius_attrs": [],
            "radius_group": "",
            "radius_vendor_attrs": [],
            "session_timeout": 0,
            "type": "match",
            "values": [
              "/C=US/O=Mist/OU=OrgCA/CN=203d3d02-dbc0-4c1b-9f41-76896a3330f4"
            ],
            "vlan": ""
          },
          "sensitive_attributes": [],
          "dependencies": [
            "mist_org.terraform_test"
          ]
        }
      ]
    },
    {
      "mode": "managed",
      "type": "mist_nactag",
      "name": "cert_mist_eu",
      "provider": "provider[\"registry.terraform.io/juniper/mist\"]",
      "instances": [
        {
          "schema_version": 0,
          "attributes": {
            "allow_usermac_override": false,
            "egress_vlan_names": [],
            "gbp_tag": 0,
            "id": "4d001583-1cf9-4225-9dd1-af10cdbb00f2",
            "match": "cert_issuer",
            "match_all": false,
            "name": "cert.Mist-EU",
            "org_id": "0361cd9b-a480-4ba2-8cdd-7193ec102afa",
            "radius_attrs": [],
            "radius_group": "",
            "radius_vendor_attrs": [],
            "session_timeout": 0,
            "type": "match",
            "values": [
              "/C=US/O=Mist/OU=OrgCA/CN=39ce2088-1dbe-4346-987a-1a5a88bab5ee"
            ],
            "vlan": ""
          },
          "sensitive_attributes": [],
          "dependencies": [
            "mist_org.terraform_test"
          ]
        }
      ]
    },
    {
      "mode": "managed",
      "type": "mist_nactag",
      "name": "cert_stag",
      "provider": "provider[\"registry.terraform.io/juniper/mist\"]",
      "instances": [
        {
          "schema_version": 0,
          "attributes": {
            "allow_usermac_override": false,
            "egress_vlan_names": [],
            "gbp_tag": 0,
            "id": "da310b5e-fa46-4917-9460-30758f5edf6c",
            "match": "cert_issuer",
            "match_all": false,
            "name": "cert.Stag CA",
            "org_id": "0361cd9b-a480-4ba2-8cdd-7193ec102afa",
            "radius_attrs": [],
            "radius_group": "",
            "radius_vendor_attrs": [],
            "session_timeout": 0,
            "type": "match",
            "values": [
              "/DC=one/DC=stag/CN=stag-DC-CA"
            ],
            "vlan": ""
          },
          "sensitive_attributes": [],
          "dependencies": [
            "mist_org.terraform_test"
          ]
        }
      ]
    },
    {
      "mode": "managed",
      "type": "mist_nactag",
      "name": "cert_tm",
      "provider": "provider[\"registry.terraform.io/juniper/mist\"]",
      "instances": [
        {
          "schema_version": 0,
          "attributes": {
            "allow_usermac_override": false,
            "egress_vlan_names": [],
            "gbp_tag": 0,
            "id": "93702ce5-22cb-48f8-8810-3a84c58f1594",
            "match": "cert_san",
            "match_all": false,
            "name": "cert.tmunzer@jun",
            "org_id": "0361cd9b-a480-4ba2-8cdd-7193ec102afa",
            "radius_attrs": [],
            "radius_group": "",
            "radius_vendor_attrs": [],
            "session_timeout": 0,
            "type": "match",
            "values": [
              "tmunzer@juniper.net"
            ],
            "vlan": ""
          },
          "sensitive_attributes": [],
          "dependencies": [
            "mist_org.terraform_test"
          ]
        }
      ]
    },
    {
      "mode": "managed",
      "type": "mist_nactag",
      "name": "group_admins",
      "provider": "provider[\"registry.terraform.io/juniper/mist\"]",
      "instances": [
        {
          "schema_version": 0,
          "attributes": {
            "allow_usermac_override": false,
            "egress_vlan_names": [],
            "gbp_tag": 0,
            "id": "638fff62-8cba-44a3-8ce4-6a18e32e315b",
            "match": "idp_role",
            "match_all": false,
            "name": "group.admins",
            "org_id": "0361cd9b-a480-4ba2-8cdd-7193ec102afa",
            "radius_attrs": [],
            "radius_group": "",
            "radius_vendor_attrs": [],
            "session_timeout": 0,
            "type": "match",
            "values": [
              "administrators"
            ],
            "vlan": ""
          },
          "sensitive_attributes": [],
          "dependencies": [
            "mist_org.terraform_test"
          ]
        }
      ]
    },
    {
      "mode": "managed",
      "type": "mist_nactag",
      "name": "group_dot11",
      "provider": "provider[\"registry.terraform.io/juniper/mist\"]",
      "instances": [
        {
          "schema_version": 0,
          "attributes": {
            "allow_usermac_override": false,
            "egress_vlan_names": [],
            "gbp_tag": 0,
            "id": "56d02456-797b-4585-bd48-59d9db537c45",
            "match": "idp_role",
            "match_all": false,
            "name": "group.dot11",
            "org_id": "0361cd9b-a480-4ba2-8cdd-7193ec102afa",
            "radius_attrs": [],
            "radius_group": "",
            "radius_vendor_attrs": [],
            "session_timeout": 0,
            "type": "match",
            "values": [
              "dot11"
            ],
            "vlan": ""
          },
          "sensitive_attributes": [],
          "dependencies": [
            "mist_org.terraform_test"
          ]
        }
      ]
    },
    {
      "mode": "managed",
      "type": "mist_nactag",
      "name": "mac_ap",
      "provider": "provider[\"registry.terraform.io/juniper/mist\"]",
      "instances": [
        {
          "schema_version": 0,
          "attributes": {
            "allow_usermac_override": false,
            "egress_vlan_names": [],
            "gbp_tag": 0,
            "id": "32b5f255-1def-4285-bcc9-9a023b2938ed",
            "match": "client_mac",
            "match_all": false,
            "name": "mac.ap",
            "org_id": "0361cd9b-a480-4ba2-8cdd-7193ec102afa",
            "radius_attrs": [],
            "radius_group": "",
            "radius_vendor_attrs": [],
            "session_timeout": 0,
            "type": "match",
            "values": [
              "5c5b35*"
            ],
            "vlan": ""
          },
          "sensitive_attributes": [],
          "dependencies": [
            "mist_org.terraform_test"
          ]
        }
      ]
    },
    {
      "mode": "managed",
      "type": "mist_nactag",
      "name": "mac_pc",
      "provider": "provider[\"registry.terraform.io/juniper/mist\"]",
      "instances": [
        {
          "schema_version": 0,
          "attributes": {
            "allow_usermac_override": false,
            "egress_vlan_names": [],
            "gbp_tag": 0,
            "id": "d3b51d02-50bc-4158-a589-81dfe56448dc",
            "match": "client_mac",
            "match_all": false,
            "name": "mac.pc",
            "org_id": "0361cd9b-a480-4ba2-8cdd-7193ec102afa",
            "radius_attrs": [],
            "radius_group": "",
            "radius_vendor_attrs": [],
            "session_timeout": 0,
            "type": "match",
            "values": [
              "04d9f5c8b26e",
              "04d9f5c8b26d"
            ],
            "vlan": ""
          },
          "sensitive_attributes": [],
          "dependencies": [
            "mist_org.terraform_test"
          ]
        }
      ]
    },
    {
      "mode": "managed",
      "type": "mist_nactag",
      "name": "mac_printer",
      "provider": "provider[\"registry.terraform.io/juniper/mist\"]",
      "instances": [
        {
          "schema_version": 0,
          "attributes": {
            "allow_usermac_override": false,
            "egress_vlan_names": [],
            "gbp_tag": 0,
            "id": "6039125f-fdcd-4ca5-8213-effcd74c2b9b",
            "match": "client_mac",
            "match_all": false,
            "name": "mac.printer",
            "org_id": "0361cd9b-a480-4ba2-8cdd-7193ec102afa",
            "radius_attrs": [],
            "radius_group": "",
            "radius_vendor_attrs": [],
            "session_timeout": 0,
            "type": "match",
            "values": [
              "deadbeefdead"
            ],
            "vlan": ""
          },
          "sensitive_attributes": [],
          "dependencies": [
            "mist_org.terraform_test"
          ]
        }
      ]
    },
    {
      "mode": "managed",
      "type": "mist_nactag",
      "name": "mac_srv",
      "provider": "provider[\"registry.terraform.io/juniper/mist\"]",
      "instances": [
        {
          "schema_version": 0,
          "attributes": {
            "allow_usermac_override": false,
            "egress_vlan_names": [],
            "gbp_tag": 0,
            "id": "823f81fc-9f13-4588-afba-604092a58e81",
            "match": "client_mac",
            "match_all": false,
            "name": "mac.srv",
            "org_id": "0361cd9b-a480-4ba2-8cdd-7193ec102afa",
            "radius_attrs": [],
            "radius_group": "",
            "radius_vendor_attrs": [],
            "session_timeout": 0,
            "type": "match",
            "values": [
              "dca6321e2f86",
              "e45f018e7054",
              "b8cb29d96468",
              "f4e2c6553b32",
              "b827ebfd31a4"
            ],
            "vlan": ""
          },
          "sensitive_attributes": [],
          "dependencies": [
            "mist_org.terraform_test"
          ]
        }
      ]
    },
    {
      "mode": "managed",
      "type": "mist_nactag",
      "name": "mdm_compliant",
      "provider": "provider[\"registry.terraform.io/juniper/mist\"]",
      "instances": [
        {
          "schema_version": 0,
          "attributes": {
            "allow_usermac_override": false,
            "egress_vlan_names": [],
            "gbp_tag": 0,
            "id": "6fb99527-79cc-447d-846e-f440697a7255",
            "match": "mdm_status",
            "match_all": false,
            "name": "mdm.compliant",
            "org_id": "0361cd9b-a480-4ba2-8cdd-7193ec102afa",
            "radius_attrs": [],
            "radius_group": "",
            "radius_vendor_attrs": [],
            "session_timeout": 0,
            "type": "match",
            "values": [
              "compliant"
            ],
            "vlan": ""
          },
          "sensitive_attributes": [],
          "dependencies": [
            "mist_org.terraform_test"
          ]
        }
      ]
    },
    {
      "mode": "managed",
      "type": "mist_nactag",
      "name": "mdm_non_compliant",
      "provider": "provider[\"registry.terraform.io/juniper/mist\"]",
      "instances": [
        {
          "schema_version": 0,
          "attributes": {
            "allow_usermac_override": false,
            "egress_vlan_names": [],
            "gbp_tag": 0,
            "id": "e94ed3fb-cf50-4fb8-bb58-fd89afa0d0a4",
            "match": "mdm_status",
            "match_all": false,
            "name": "mdm.non_compliant",
            "org_id": "0361cd9b-a480-4ba2-8cdd-7193ec102afa",
            "radius_attrs": [],
            "radius_group": "",
            "radius_vendor_attrs": [],
            "session_timeout": 0,
            "type": "match",
            "values": [
              "non-compliant",
              "unknown"
            ],
            "vlan": ""
          },
          "sensitive_attributes": [],
          "dependencies": [
            "mist_org.terraform_test"
          ]
        }
      ]
    },
    {
      "mode": "managed",
      "type": "mist_nactag",
      "name": "role_admin",
      "provider": "provider[\"registry.terraform.io/juniper/mist\"]",
      "instances": [
        {
          "schema_version": 0,
          "attributes": {
            "allow_usermac_override": false,
            "egress_vlan_names": [],
            "gbp_tag": 0,
            "id": "6377c759-e52e-45bd-98de-03251643b39c",
            "match": "",
            "match_all": false,
            "name": "role.admin",
            "org_id": "0361cd9b-a480-4ba2-8cdd-7193ec102afa",
            "radius_attrs": [],
            "radius_group": "admin",
            "radius_vendor_attrs": [],
            "session_timeout": 0,
            "type": "radius_group",
            "values": [],
            "vlan": ""
          },
          "sensitive_attributes": [],
          "dependencies": [
            "mist_org.terraform_test"
          ]
        }
      ]
    },
    {
      "mode": "managed",
      "type": "mist_nactag",
      "name": "role_ap",
      "provider": "provider[\"registry.terraform.io/juniper/mist\"]",
      "instances": [
        {
          "schema_version": 0,
          "attributes": {
            "allow_usermac_override": false,
            "egress_vlan_names": [],
            "gbp_tag": 0,
            "id": "5c0ca021-b3b4-4ac8-9eac-abc26b499d4d",
            "match": "",
            "match_all": false,
            "name": "role.AP",
            "org_id": "0361cd9b-a480-4ba2-8cdd-7193ec102afa",
            "radius_attrs": [],
            "radius_group": "wireless",
            "radius_vendor_attrs": [],
            "session_timeout": 0,
            "type": "radius_group",
            "values": [],
            "vlan": ""
          },
          "sensitive_attributes": [],
          "dependencies": [
            "mist_org.terraform_test"
          ]
        }
      ]
    },
    {
      "mode": "managed",
      "type": "mist_nactag",
      "name": "role_byod",
      "provider": "provider[\"registry.terraform.io/juniper/mist\"]",
      "instances": [
        {
          "schema_version": 0,
          "attributes": {
            "allow_usermac_override": false,
            "egress_vlan_names": [],
            "gbp_tag": 0,
            "id": "59501966-f69b-4b39-bfed-ea0ecf1822e1",
            "match": "",
            "match_all": false,
            "name": "role.byod",
            "org_id": "0361cd9b-a480-4ba2-8cdd-7193ec102afa",
            "radius_attrs": [],
            "radius_group": "byod",
            "radius_vendor_attrs": [],
            "session_timeout": 0,
            "type": "radius_group",
            "values": [],
            "vlan": ""
          },
          "sensitive_attributes": [],
          "dependencies": [
            "mist_org.terraform_test"
          ]
        }
      ]
    },
    {
      "mode": "managed",
      "type": "mist_nactag",
      "name": "role_corp",
      "provider": "provider[\"registry.terraform.io/juniper/mist\"]",
      "instances": [
        {
          "schema_version": 0,
          "attributes": {
            "allow_usermac_override": false,
            "egress_vlan_names": [],
            "gbp_tag": 0,
            "id": "be2f2f1a-2786-4b63-b9de-b5b395246299",
            "match": "",
            "match_all": false,
            "name": "role.corporate",
            "org_id": "0361cd9b-a480-4ba2-8cdd-7193ec102afa",
            "radius_attrs": [],
            "radius_group": "corporate",
            "radius_vendor_attrs": [],
            "session_timeout": 0,
            "type": "radius_group",
            "values": [],
            "vlan": ""
          },
          "sensitive_attributes": [],
          "dependencies": [
            "mist_org.terraform_test"
          ]
        }
      ]
    },
    {
      "mode": "managed",
      "type": "mist_nactag",
      "name": "role_user",
      "provider": "provider[\"registry.terraform.io/juniper/mist\"]",
      "instances": [
        {
          "schema_version": 0,
          "attributes": {
            "allow_usermac_override": false,
            "egress_vlan_names": [],
            "gbp_tag": 0,
            "id": "d93e2f73-cf93-4dc3-87e2-7bfc08fd3f2d",
            "match": "",
            "match_all": false,
            "name": "role.user",
            "org_id": "0361cd9b-a480-4ba2-8cdd-7193ec102afa",
            "radius_attrs": [],
            "radius_group": "user",
            "radius_vendor_attrs": [],
            "session_timeout": 0,
            "type": "radius_group",
            "values": [],
            "vlan": ""
          },
          "sensitive_attributes": [],
          "dependencies": [
            "mist_org.terraform_test"
          ]
        }
      ]
    },
    {
      "mode": "managed",
      "type": "mist_nactag",
      "name": "session_1d",
      "provider": "provider[\"registry.terraform.io/juniper/mist\"]",
      "instances": [
        {
          "schema_version": 0,
          "attributes": {
            "allow_usermac_override": false,
            "egress_vlan_names": [],
            "gbp_tag": 0,
            "id": "273c4a2c-9609-4f7a-9e05-310ddb1a2789",
            "match": "",
            "match_all": false,
            "name": "session.1d",
            "org_id": "0361cd9b-a480-4ba2-8cdd-7193ec102afa",
            "radius_attrs": [],
            "radius_group": "",
            "radius_vendor_attrs": [],
            "session_timeout": 86440,
            "type": "session_timeout",
            "values": [],
            "vlan": ""
          },
          "sensitive_attributes": [],
          "dependencies": [
            "mist_org.terraform_test"
          ]
        }
      ]
    },
    {
      "mode": "managed",
      "type": "mist_nactag",
      "name": "session_7d",
      "provider": "provider[\"registry.terraform.io/juniper/mist\"]",
      "instances": [
        {
          "schema_version": 0,
          "attributes": {
            "allow_usermac_override": false,
            "egress_vlan_names": [],
            "gbp_tag": 0,
            "id": "5fedfe43-9ed9-4329-94e2-e0f80352cbfb",
            "match": "",
            "match_all": false,
            "name": "session.7d",
            "org_id": "0361cd9b-a480-4ba2-8cdd-7193ec102afa",
            "radius_attrs": [],
            "radius_group": "",
            "radius_vendor_attrs": [],
            "session_timeout": 604800,
            "type": "session_timeout",
            "values": [],
            "vlan": ""
          },
          "sensitive_attributes": [],
          "dependencies": [
            "mist_org.terraform_test"
          ]
        }
      ]
    },
    {
      "mode": "managed",
      "type": "mist_nactag",
      "name": "ssid_mln",
      "provider": "provider[\"registry.terraform.io/juniper/mist\"]",
      "instances": [
        {
          "schema_version": 0,
          "attributes": {
            "allow_usermac_override": false,
            "egress_vlan_names": [],
            "gbp_tag": 0,
            "id": "65a7536f-9500-44c7-a3ee-ee84e1ba9c38",
            "match": "ssid",
            "match_all": false,
            "name": "ssid.MlN",
            "org_id": "0361cd9b-a480-4ba2-8cdd-7193ec102afa",
            "radius_attrs": [],
            "radius_group": "",
            "radius_vendor_attrs": [],
            "session_timeout": 0,
            "type": "match",
            "values": [
              "MlN"
            ],
            "vlan": ""
          },
          "sensitive_attributes": [],
          "dependencies": [
            "mist_org.terraform_test"
          ]
        }
      ]
    },
    {
      "mode": "managed",
      "type": "mist_nactag",
      "name": "ssid_mln_do1x",
      "provider": "provider[\"registry.terraform.io/juniper/mist\"]",
      "instances": [
        {
          "schema_version": 0,
          "attributes": {
            "allow_usermac_override": false,
            "egress_vlan_names": [],
            "gbp_tag": 0,
            "id": "ffc62f3f-7185-4fd0-84f0-a5dc8939282d",
            "match": "ssid",
            "match_all": false,
            "name": "ssid.MlN.1X",
            "org_id": "0361cd9b-a480-4ba2-8cdd-7193ec102afa",
            "radius_attrs": [],
            "radius_group": "",
            "radius_vendor_attrs": [],
            "session_timeout": 0,
            "type": "match",
            "values": [
              "MlN.1X"
            ],
            "vlan": ""
          },
          "sensitive_attributes": [],
          "dependencies": [
            "mist_org.terraform_test"
          ]
        }
      ]
    },
    {
      "mode": "managed",
      "type": "mist_nactag",
      "name": "ssid_mln_nac",
      "provider": "provider[\"registry.terraform.io/juniper/mist\"]",
      "instances": [
        {
          "schema_version": 0,
          "attributes": {
            "allow_usermac_override": false,
            "egress_vlan_names": [],
            "gbp_tag": 0,
            "id": "647bd21c-ab5a-4f72-abbe-602a430f50e1",
            "match": "ssid",
            "match_all": false,
            "name": "ssid.MlN.NAC",
            "org_id": "0361cd9b-a480-4ba2-8cdd-7193ec102afa",
            "radius_attrs": [],
            "radius_group": "",
            "radius_vendor_attrs": [],
            "session_timeout": 0,
            "type": "match",
            "values": [
              "MlN.NAC"
            ],
            "vlan": ""
          },
          "sensitive_attributes": [],
          "dependencies": [
            "mist_org.terraform_test"
          ]
        }
      ]
    },
    {
      "mode": "managed",
      "type": "mist_nactag",
      "name": "ssor_corp_dot1x",
      "provider": "provider[\"registry.terraform.io/juniper/mist\"]",
      "instances": [
        {
          "schema_version": 0,
          "attributes": {
            "allow_usermac_override": false,
            "egress_vlan_names": [],
            "gbp_tag": 0,
            "id": "5ba6b720-04d3-492a-9b12-1d4f29c1095a",
            "match": "ssid",
            "match_all": false,
            "name": "ssid.Corp.1X",
            "org_id": "0361cd9b-a480-4ba2-8cdd-7193ec102afa",
            "radius_attrs": [],
            "radius_group": "",
            "radius_vendor_attrs": [],
            "session_timeout": 0,
            "type": "match",
            "values": [
              "Corp"
            ],
            "vlan": ""
          },
          "sensitive_attributes": [],
          "dependencies": [
            "mist_org.terraform_test"
          ]
        }
      ]
    },
    {
      "mode": "managed",
      "type": "mist_nactag",
      "name": "trunk_ap",
      "provider": "provider[\"registry.terraform.io/juniper/mist\"]",
      "instances": [
        {
          "schema_version": 0,
          "attributes": {
            "allow_usermac_override": false,
            "egress_vlan_names": [
              "2mgt",
              "1corp",
              "1iot",
              "1lab",
              "1lan",
              "1srv",
              "1wan",
              "1reg"
            ],
            "gbp_tag": 0,
            "id": "32f71df7-6f30-4387-9af1-5940577bf25c",
            "match": "",
            "match_all": false,
            "name": "trunk-ap",
            "org_id": "0361cd9b-a480-4ba2-8cdd-7193ec102afa",
            "radius_attrs": [],
            "radius_group": "",
            "radius_vendor_attrs": [],
            "session_timeout": 0,
            "type": "egress_vlan_names",
            "values": [],
            "vlan": ""
          },
          "sensitive_attributes": [],
          "dependencies": [
            "mist_org.terraform_test"
          ]
        }
      ]
    },
    {
      "mode": "managed",
      "type": "mist_nactag",
      "name": "vlan_admin",
      "provider": "provider[\"registry.terraform.io/juniper/mist\"]",
      "instances": [
        {
          "schema_version": 0,
          "attributes": {
            "allow_usermac_override": false,
            "egress_vlan_names": [],
            "gbp_tag": 0,
            "id": "885297f7-7410-4d4a-ae51-7c0145f41c17",
            "match": "",
            "match_all": false,
            "name": "vlan.admins",
            "org_id": "0361cd9b-a480-4ba2-8cdd-7193ec102afa",
            "radius_attrs": [],
            "radius_group": "",
            "radius_vendor_attrs": [],
            "session_timeout": 0,
            "type": "vlan",
            "values": [],
            "vlan": "20"
          },
          "sensitive_attributes": [],
          "dependencies": [
            "mist_org.terraform_test"
          ]
        }
      ]
    },
    {
      "mode": "managed",
      "type": "mist_nactag",
      "name": "vlan_dmz",
      "provider": "provider[\"registry.terraform.io/juniper/mist\"]",
      "instances": [
        {
          "schema_version": 0,
          "attributes": {
            "allow_usermac_override": false,
            "egress_vlan_names": [],
            "gbp_tag": 0,
            "id": "343e82e6-dbb5-48cc-bcfc-2a772e32df85",
            "match": "",
            "match_all": false,
            "name": "vlan.dmz",
            "org_id": "0361cd9b-a480-4ba2-8cdd-7193ec102afa",
            "radius_attrs": [],
            "radius_group": "",
            "radius_vendor_attrs": [],
            "session_timeout": 0,
            "type": "vlan",
            "values": [],
            "vlan": "192"
          },
          "sensitive_attributes": [],
          "dependencies": [
            "mist_org.terraform_test"
          ]
        }
      ]
    },
    {
      "mode": "managed",
      "type": "mist_nactag",
      "name": "vlan_guest",
      "provider": "provider[\"registry.terraform.io/juniper/mist\"]",
      "instances": [
        {
          "schema_version": 0,
          "attributes": {
            "allow_usermac_override": false,
            "egress_vlan_names": [],
            "gbp_tag": 0,
            "id": "b70b203f-75cc-49e8-8db6-245f38a7ad69",
            "match": "",
            "match_all": false,
            "name": "vlan.guest",
            "org_id": "0361cd9b-a480-4ba2-8cdd-7193ec102afa",
            "radius_attrs": [],
            "radius_group": "",
            "radius_vendor_attrs": [],
            "session_timeout": 0,
            "type": "vlan",
            "values": [],
            "vlan": "12"
          },
          "sensitive_attributes": [],
          "dependencies": [
            "mist_org.terraform_test"
          ]
        }
      ]
    },
    {
      "mode": "managed",
      "type": "mist_nactag",
      "name": "vlan_reg",
      "provider": "provider[\"registry.terraform.io/juniper/mist\"]",
      "instances": [
        {
          "schema_version": 0,
          "attributes": {
            "allow_usermac_override": false,
            "egress_vlan_names": [],
            "gbp_tag": 0,
            "id": "63028599-7570-49c9-83c5-ea83a4262882",
            "match": "",
            "match_all": false,
            "name": "vlan.reg",
            "org_id": "0361cd9b-a480-4ba2-8cdd-7193ec102afa",
            "radius_attrs": [],
            "radius_group": "",
            "radius_vendor_attrs": [],
            "session_timeout": 0,
            "type": "vlan",
            "values": [],
            "vlan": "12"
          },
          "sensitive_attributes": [],
          "dependencies": [
            "mist_org.terraform_test"
          ]
        }
      ]
    },
    {
      "mode": "managed",
      "type": "mist_nactag",
      "name": "vlan_srv",
      "provider": "provider[\"registry.terraform.io/juniper/mist\"]",
      "instances": [
        {
          "schema_version": 0,
          "attributes": {
            "allow_usermac_override": false,
            "egress_vlan_names": [],
            "gbp_tag": 0,
            "id": "c1f9dbaa-0ade-4ff9-9a3b-a4229ba8c2be",
            "match": "",
            "match_all": false,
            "name": "vlan.srv",
            "org_id": "0361cd9b-a480-4ba2-8cdd-7193ec102afa",
            "radius_attrs": [],
            "radius_group": "",
            "radius_vendor_attrs": [],
            "session_timeout": 0,
            "type": "vlan",
            "values": [],
            "vlan": "20"
          },
          "sensitive_attributes": [],
          "dependencies": [
            "mist_org.terraform_test"
          ]
        }
      ]
    },
    {
      "mode": "managed",
      "type": "mist_nactag",
      "name": "vlan_sta",
      "provider": "provider[\"registry.terraform.io/juniper/mist\"]",
      "instances": [
        {
          "schema_version": 0,
          "attributes": {
            "allow_usermac_override": false,
            "egress_vlan_names": [],
            "gbp_tag": 0,
            "id": "70ef6fd1-40e2-464a-a87e-3c09954b11e1",
            "match": "",
            "match_all": false,
            "name": "vlan.sta",
            "org_id": "0361cd9b-a480-4ba2-8cdd-7193ec102afa",
            "radius_attrs": [],
            "radius_group": "",
            "radius_vendor_attrs": [],
            "session_timeout": 0,
            "type": "vlan",
            "values": [],
            "vlan": "10"
          },
          "sensitive_attributes": [],
          "dependencies": [
            "mist_org.terraform_test"
          ]
        }
      ]
    },
    {
      "mode": "managed",
      "type": "mist_nactag",
      "name": "vman_mgmt",
      "provider": "provider[\"registry.terraform.io/juniper/mist\"]",
      "instances": [
        {
          "schema_version": 0,
          "attributes": {
            "allow_usermac_override": false,
            "egress_vlan_names": [],
            "gbp_tag": 0,
            "id": "d0643da6-6b6c-4c2d-8b17-130e5858b789",
            "match": "",
            "match_all": false,
            "name": "vlan.mgmt",
            "org_id": "0361cd9b-a480-4ba2-8cdd-7193ec102afa",
            "radius_attrs": [],
            "radius_group": "",
            "radius_vendor_attrs": [],
            "session_timeout": 0,
            "type": "vlan",
            "values": [],
            "vlan": "172"
          },
          "sensitive_attributes": [],
          "dependencies": [
            "mist_org.terraform_test"
          ]
        }
      ]
    },
    {
      "mode": "managed",
      "type": "mist_network",
      "name": "corp",
      "provider": "provider[\"registry.terraform.io/juniper/mist\"]",
      "instances": [
        {
          "schema_version": 0,
          "attributes": {
            "disallow_mist_services": false,
            "gateway": "",
            "gateway6": "",
            "id": "d298ed40-cc4e-4fe4-83e0-2efcee2529d5",
            "internal_access": {
              "enabled": false
            },
            "internet_access": {
              "create_simple_service_policy": false,
              "destination_nat": {},
              "enabled": false,
              "restricted": false,
              "static_nat": {}
            },
            "isolation": false,
            "name": "prd_corp",
            "org_id": "0361cd9b-a480-4ba2-8cdd-7193ec102afa",
            "routed_for_networks": [],
            "subnet": "10.3.0.0",
            "subnet6": "",
            "tenants": {},
            "vlan_id": 0,
            "vpn_access": {}
          },
          "sensitive_attributes": [],
          "dependencies": [
            "mist_org.terraform_test"
          ]
        }
      ]
    },
    {
      "mode": "managed",
      "type": "mist_network",
      "name": "dmz",
      "provider": "provider[\"registry.terraform.io/juniper/mist\"]",
      "instances": [
        {
          "schema_version": 0,
          "attributes": {
            "disallow_mist_services": true,
            "gateway": "",
            "gateway6": "",
            "id": "12bb91b7-9403-4fce-87d2-a67da685256a",
            "internal_access": {
              "enabled": false
            },
            "internet_access": {
              "create_simple_service_policy": false,
              "destination_nat": {
                "192.168.1.9:5431": {
                  "internal_ip": "10.3.3.3",
                  "name": "aws-wg",
                  "port": 51820
                }
              },
              "enabled": false,
              "restricted": false,
              "static_nat": {}
            },
            "isolation": true,
            "name": "SRX-DMZ",
            "org_id": "0361cd9b-a480-4ba2-8cdd-7193ec102afa",
            "routed_for_networks": [],
            "subnet": "10.3.3.0/24",
            "subnet6": "",
            "tenants": {
              "aws": {
                "addresses": [
                  "10.3.3.3"
                ]
              }
            },
            "vlan_id": 3,
            "vpn_access": {}
          },
          "sensitive_attributes": [],
          "dependencies": [
            "mist_org.terraform_test"
          ]
        }
      ]
    },
    {
      "mode": "managed",
      "type": "mist_network",
      "name": "iot",
      "provider": "provider[\"registry.terraform.io/juniper/mist\"]",
      "instances": [
        {
          "schema_version": 0,
          "attributes": {
            "disallow_mist_services": true,
            "gateway": "",
            "gateway6": "",
            "id": "daed9e5c-34fa-4c0a-8f50-b40edbc05eab",
            "internal_access": {
              "enabled": false
            },
            "internet_access": {
              "create_simple_service_policy": false,
              "destination_nat": {},
              "enabled": false,
              "restricted": false,
              "static_nat": {}
            },
            "isolation": true,
            "name": "SRX-IoT",
            "org_id": "0361cd9b-a480-4ba2-8cdd-7193ec102afa",
            "routed_for_networks": [],
            "subnet": "10.3.8.0/24",
            "subnet6": "",
            "tenants": {
              "cctv-b": {
                "addresses": [
                  "10.3.8.41/32"
                ]
              },
              "cctv-c": {
                "addresses": [
                  "10.3.8.42/32"
                ]
              },
              "cctv-e": {
                "addresses": [
                  "10.3.8.40/32"
                ]
              },
              "cctv-x": {
                "addresses": [
                  "10.3.8.44/32"
                ]
              },
              "netatmo": {
                "addresses": [
                  "10.3.8.201/32"
                ]
              }
            },
            "vlan_id": 8,
            "vpn_access": {}
          },
          "sensitive_attributes": [],
          "dependencies": [
            "mist_org.terraform_test"
          ]
        }
      ]
    },
    {
      "mode": "managed",
      "type": "mist_network",
      "name": "mgmt",
      "provider": "provider[\"registry.terraform.io/juniper/mist\"]",
      "instances": [
        {
          "schema_version": 0,
          "attributes": {
            "disallow_mist_services": false,
            "gateway": "10.3.172.9",
            "gateway6": "",
            "id": "73c01d85-f0eb-4f44-a070-e993e9cae7f1",
            "internal_access": {
              "enabled": false
            },
            "internet_access": {
              "create_simple_service_policy": false,
              "destination_nat": {},
              "enabled": false,
              "restricted": false,
              "static_nat": {}
            },
            "isolation": true,
            "name": "SRX-Mgmt",
            "org_id": "0361cd9b-a480-4ba2-8cdd-7193ec102afa",
            "routed_for_networks": [],
            "subnet": "10.3.172.0/24",
            "subnet6": "",
            "tenants": {},
            "vlan_id": 172,
            "vpn_access": {
              "OrgOverlay": {
                "advertised_subnet": "",
                "allow_ping": false,
                "destination_nat": {},
                "nat_pool": "",
                "no_readvertise_to_lan_bgp": false,
                "no_readvertise_to_lan_ospf": false,
                "no_readvertise_to_overlay": false,
                "other_vrfs": [],
                "routed": true,
                "source_nat": {
                  "exteral_ip": ""
                },
                "static_nat": {},
                "summarized_subnet": "",
                "summarized_subnet_to_lan_bgp": "",
                "summarized_subnet_to_lan_ospf": ""
              }
            }
          },
          "sensitive_attributes": [],
          "dependencies": [
            "mist_org.terraform_test"
          ]
        }
      ]
    },
    {
      "mode": "managed",
      "type": "mist_network",
      "name": "mxe",
      "provider": "provider[\"registry.terraform.io/juniper/mist\"]",
      "instances": [
        {
          "schema_version": 0,
          "attributes": {
            "disallow_mist_services": false,
            "gateway": "",
            "gateway6": "",
            "id": "e8393d1f-f856-4bee-9797-1b39bc0bdf38",
            "internal_access": {
              "enabled": false
            },
            "internet_access": {
              "create_simple_service_policy": false,
              "destination_nat": {
                "192.168.1.9:4500": {
                  "internal_ip": "10.10.0.10",
                  "name": "isakmp",
                  "port": 4500
                },
                "192.168.1.9:500": {
                  "internal_ip": "10.10.0.10",
                  "name": "ike",
                  "port": 500
                }
              },
              "enabled": false,
              "restricted": false,
              "static_nat": {}
            },
            "isolation": true,
            "name": "SRX-MXE-tt-in",
            "org_id": "0361cd9b-a480-4ba2-8cdd-7193ec102afa",
            "routed_for_networks": [],
            "subnet": "10.10.0.0/24",
            "subnet6": "",
            "tenants": {
              "mxe-ext": {
                "addresses": [
                  "10.10.0.10"
                ]
              }
            },
            "vlan_id": 1000,
            "vpn_access": {}
          },
          "sensitive_attributes": [],
          "dependencies": [
            "mist_org.terraform_test"
          ]
        }
      ]
    },
    {
      "mode": "managed",
      "type": "mist_network",
      "name": "reg",
      "provider": "provider[\"registry.terraform.io/juniper/mist\"]",
      "instances": [
        {
          "schema_version": 0,
          "attributes": {
            "disallow_mist_services": false,
            "gateway": "",
            "gateway6": "",
            "id": "1b408f7c-ccc1-41fc-9857-3d5449e68f7f",
            "internal_access": {
              "enabled": false
            },
            "internet_access": {
              "create_simple_service_policy": false,
              "destination_nat": {},
              "enabled": false,
              "restricted": false,
              "static_nat": {}
            },
            "isolation": true,
            "name": "SRX-REG",
            "org_id": "0361cd9b-a480-4ba2-8cdd-7193ec102afa",
            "routed_for_networks": [],
            "subnet": "10.3.12.0/24",
            "subnet6": "",
            "tenants": {},
            "vlan_id": 12,
            "vpn_access": {}
          },
          "sensitive_attributes": [],
          "dependencies": [
            "mist_org.terraform_test"
          ]
        }
      ]
    },
    {
      "mode": "managed",
      "type": "mist_network",
      "name": "ssr",
      "provider": "provider[\"registry.terraform.io/juniper/mist\"]",
      "instances": [
        {
          "schema_version": 0,
          "attributes": {
            "disallow_mist_services": false,
            "gateway": "",
            "gateway6": "",
            "id": "3a668608-fea3-4d32-8ba0-e81129204fa9",
            "internal_access": {
              "enabled": false
            },
            "internet_access": {
              "create_simple_service_policy": false,
              "destination_nat": {},
              "enabled": false,
              "restricted": false,
              "static_nat": {}
            },
            "isolation": true,
            "name": "SRX-Core-128T",
            "org_id": "0361cd9b-a480-4ba2-8cdd-7193ec102afa",
            "routed_for_networks": [],
            "subnet": "10.128.100.0/16",
            "subnet6": "",
            "tenants": {},
            "vlan_id": 128,
            "vpn_access": {}
          },
          "sensitive_attributes": [],
          "dependencies": [
            "mist_org.terraform_test"
          ]
        }
      ]
    },
    {
      "mode": "managed",
      "type": "mist_networktemplate",
      "name": "switch_template",
      "provider": "provider[\"registry.terraform.io/juniper/mist\"]",
      "instances": [
        {
          "schema_version": 0,
          "attributes": {
            "acl_policies": null,
            "acl_tags": {},
            "additional_config_cmds": [
              "set system hostnam test",
              "set system services ssh root-login allow"
            ],
            "dhcp_snooping": {
              "all_networks": false,
              "enable_arp_spoof_check": false,
              "enable_ip_source_guard": false,
              "enabled": false,
              "networks": []
            },
            "dns_servers": [
              "10.3.51.222"
            ],
            "dns_suffix": [
              "stag.one"
            ],
            "extra_routes": {},
            "id": "4c9a9d41-d46d-40a7-8a29-c22377bc077a",
            "mist_nac": {
              "enabled": false,
              "network": ""
            },
            "name": "test switch",
            "networks": {
              "test": {
                "isolation": false,
                "isolation_vlan_id": "",
                "subnet": "1.2.3.4",
                "vlan_id": 10
              },
              "test2": {
                "isolation": false,
                "isolation_vlan_id": "",
                "subnet": "1.2.3.4",
                "vlan_id": 11
              }
            },
            "ntp_servers": [
              "10.3.51.222"
            ],
            "org_id": "0361cd9b-a480-4ba2-8cdd-7193ec102afa",
            "port_mirrorings": {},
            "port_usages": {
              "trunk": {
                "all_networks": true,
                "allow_dhcpd": false,
                "allow_multiple_supplicants": false,
                "bypass_auth_when_server_down": false,
                "bypass_auth_when_server_down_for_unkonwn_client": false,
                "description": "profile for trunk ports",
                "disable_autoneg": false,
                "disabled": false,
                "duplex": "auto",
                "dynamic_vlan_networks": [],
                "enable_mac_auth": false,
                "enable_qos": true,
                "guest_network": "",
                "inter_switch_link": false,
                "mac_auth_only": false,
                "mac_auth_protocol": "eap-md5",
                "mac_limit": 0,
                "mode": "trunk",
                "mtu": 0,
                "networks": [],
                "persist_mac": false,
                "poe_disabled": false,
                "port_auth": "",
                "port_network": "",
                "reauth_interval": 3600,
                "rejected_network": "",
                "reset_default_when": "link_down",
                "rules": null,
                "speed": "",
                "storm_control": {
                  "no_broadcast": false,
                  "no_multicast": false,
                  "no_registered_multicast": false,
                  "no_unknown_unicast": false,
                  "percentage": 80
                },
                "stp_edge": false,
                "voip_network": ""
              }
            },
            "radius_config": {
              "acct_interim_interval": 60,
              "acct_servers": [
                {
                  "host": "1.2.3.4",
                  "keywrap_enabled": false,
                  "keywrap_format": "",
                  "keywrap_kek": "",
                  "keywrap_mack": "",
                  "port": 1813,
                  "secret": "secret"
                }
              ],
              "auth_servers": [
                {
                  "host": "1.2.3.4",
                  "keywrap_enabled": false,
                  "keywrap_format": "",
                  "keywrap_kek": "",
                  "keywrap_mack": "",
                  "port": 1812,
                  "secret": "secret"
                }
              ],
              "auth_servers_retries": 3,
              "auth_servers_timeout": 5,
              "coa_enabled": true,
              "coa_port": 3799,
              "network": "test",
              "source_ip": ""
            },
            "remote_syslog": {
              "archive": {
                "files": 2,
                "size": "5m"
              },
              "console": {
                "contents": [
                  {
                    "facility": "kernel",
                    "severity": "alert"
                  }
                ]
              },
              "enabled": true,
              "files": [],
              "network": "test",
              "send_to_all_servers": false,
              "servers": [
                {
                  "contents": [
                    {
                      "facility": "any",
                      "severity": "any"
                    }
                  ],
                  "explicit_priority": false,
                  "facility": "any",
                  "host": "1.2.3.4",
                  "match": "",
                  "port": 514,
                  "protocol": "udp",
                  "routing_instance": "",
                  "severity": "any",
                  "source_address": "",
                  "structured_data": false,
                  "tag": ""
                }
              ],
              "time_format": "",
              "users": []
            },
            "snmp_config": null,
            "switch_matching": {
              "enable": true,
              "rules": [
                {
                  "additional_config_cmds": [
                    "set system name-server 8.8.8.8"
                  ],
                  "match_role": "access",
                  "match_type": "match_name[0:3]",
                  "match_value": "abc",
                  "name": "access",
                  "port_config": {
                    "ge-0/0/0-10": {
                      "ae_disable_lacp": false,
                      "ae_idx": 0,
                      "ae_lacp_slow": true,
                      "aggregated": false,
                      "critical": false,
                      "description": "",
                      "disable_autoneg": false,
                      "duplex": "auto",
                      "dynamic_usage": "",
                      "esilag": false,
                      "mtu": 1514,
                      "no_local_overwrite": false,
                      "poe_disabled": false,
                      "speed": "auto",
                      "usage": "trunk"
                    }
                  },
                  "port_mirroring": {}
                },
                {
                  "additional_config_cmds": [
                    "set system name-server 8.8.8.8"
                  ],
                  "match_role": "core",
                  "match_type": "",
                  "match_value": "",
                  "name": "core",
                  "port_config": {
                    "ge-0/0/0-10": {
                      "ae_disable_lacp": false,
                      "ae_idx": 0,
                      "ae_lacp_slow": true,
                      "aggregated": false,
                      "critical": false,
                      "description": "",
                      "disable_autoneg": false,
                      "duplex": "auto",
                      "dynamic_usage": "",
                      "esilag": false,
                      "mtu": 1514,
                      "no_local_overwrite": false,
                      "poe_disabled": false,
                      "speed": "auto",
                      "usage": "trunk"
                    }
                  },
                  "port_mirroring": {}
                }
              ]
            },
            "switch_mgmt": {
              "config_revert": 5,
              "protect_re": {
                "allowed_services": [],
                "custom": [],
                "enabled": true,
                "trusted_hosts": []
              },
              "root_password": "Juniper123",
              "tacacs": {
                "acct_servers": null,
                "default_role": "none",
                "enabled": false,
                "network": "",
                "tacplus_servers": null
              }
            },
            "vrf_config": {
              "enabled": false
            },
            "vrf_instances": {}
          },
          "sensitive_attributes": [],
          "dependencies": [
            "mist_org.terraform_test"
          ]
        }
      ]
    },
    {
      "mode": "managed",
      "type": "mist_org",
      "name": "terraform_test",
      "provider": "provider[\"registry.terraform.io/juniper/mist\"]",
      "instances": [
        {
          "schema_version": 0,
          "attributes": {
            "alarmtemplate_id": "",
            "allow_mist": true,
            "id": "0361cd9b-a480-4ba2-8cdd-7193ec102afa",
            "msp_id": "",
            "msp_logo_url": "",
            "msp_name": "",
            "name": "Terraform Testing",
            "orggroup_ids": [],
            "session_expiry": 1440
          },
          "sensitive_attributes": []
        }
      ]
    },
    {
      "mode": "managed",
      "type": "mist_rftemplate",
      "name": "test_rf",
      "provider": "provider[\"registry.terraform.io/juniper/mist\"]",
      "instances": [
        {
          "schema_version": 0,
          "attributes": {
            "ant_gain_24": 1,
            "ant_gain_5": 2,
            "ant_gain_6": 2,
            "band_24": {
              "allow_rrm_disable": true,
              "ant_gain": 1,
              "antenna_mode": "default",
              "bandwidth": 20,
              "channels": [],
              "disabled": false,
              "power": 0,
              "power_max": 18,
              "power_min": 18,
              "preamble": "short"
            },
            "band_24_usage": "auto",
            "band_5": {
              "allow_rrm_disable": false,
              "ant_gain": 2,
              "antenna_mode": "default",
              "bandwidth": 20,
              "channels": [
                60,
                104,
                132
              ],
              "disabled": false,
              "power": 8,
              "power_max": 17,
              "power_min": 8,
              "preamble": "short"
            },
            "band_6": {
              "allow_rrm_disable": false,
              "ant_gain": 2,
              "antenna_mode": "default",
              "bandwidth": 80,
              "channels": [],
              "disabled": false,
              "power": 8,
              "power_max": 18,
              "power_min": 8,
              "preamble": "short",
              "standard_power": false
            },
            "country_code": "FR",
            "id": "898404e9-f4ce-47d6-9595-ee6dc6e3704b",
            "model_specific": {},
            "name": "tf",
            "org_id": "0361cd9b-a480-4ba2-8cdd-7193ec102afa",
            "scanning_enabled": null
          },
          "sensitive_attributes": [],
          "dependencies": [
            "mist_org.terraform_test"
          ]
        }
      ]
    },
    {
      "mode": "managed",
      "type": "mist_service",
      "name": "lab",
      "provider": "provider[\"registry.terraform.io/juniper/mist\"]",
      "instances": [
        {
          "schema_version": 0,
          "attributes": {
            "addresses": [
              "10.3.0.0/24",
              "10.4.0.0/24"
            ],
            "app_categories": [],
            "app_subcategories": [],
            "apps": [],
            "description": "the lab network",
            "dscp": 0,
            "failover_policy": "revertable",
            "hostnames": [],
            "id": "554be4cd-3b81-4383-8de4-a11029e68aed",
            "max_jitter": 0,
            "max_latency": 0,
            "max_loss": 0,
            "name": "lab_network",
            "org_id": "0361cd9b-a480-4ba2-8cdd-7193ec102afa",
            "sle_enabled": false,
            "specs": [
              {
                "port_range": "443",
                "protocol": "tcp"
              }
            ],
            "ssr_relaxed_tcp_state_enforcement": false,
            "traffic_class": "best_effort",
            "traffic_type": "data_best_effort",
            "type": "custom",
            "urls": []
          },
          "sensitive_attributes": [],
          "dependencies": [
            "mist_org.terraform_test"
          ]
        }
      ]
    },
    {
      "mode": "managed",
      "type": "mist_site",
      "name": "terraform_site",
      "provider": "provider[\"registry.terraform.io/juniper/mist\"]",
      "instances": [
        {
          "schema_version": 0,
          "attributes": {
            "address": "77 Terrasse de l'Université, 92000 Nanterre, France",
            "alarmtemplate_id": "",
            "aptemplate_id": "",
            "country_code": "FR",
            "gatewaytemplate_id": "403c7891-cc6f-48bc-b843-c6d5e9a617d9",
            "id": "28409ec2-5258-44c0-8cce-00a28d720870",
            "latlng": {
              "lat": 48.899268,
              "lng": 2.214447
            },
            "name": "terraform_site",
            "networktemplate_id": "4c9a9d41-d46d-40a7-8a29-c22377bc077a",
            "notes": "Created with Terraform, Updated with Terraform",
            "org_id": "0361cd9b-a480-4ba2-8cdd-7193ec102afa",
            "rftemplate_id": "898404e9-f4ce-47d6-9595-ee6dc6e3704b",
            "secpolicy_id": "",
            "sitegroup_ids": [
              "a48bfb31-60f0-4049-91b9-dae762f44caa",
              "bd7e2d02-f51d-48ef-95b9-2f294d06cebe"
            ],
            "sitetemplate_id": "",
            "timezone": "Europe/Paris"
          },
          "sensitive_attributes": [],
          "dependencies": [
            "mist_gatewaytemplate.stag",
            "mist_networktemplate.switch_template",
            "mist_org.terraform_test",
            "mist_rftemplate.test_rf",
            "mist_sitegroup.test_group",
            "mist_sitegroup.test_group2"
          ]
        }
      ]
    },
    {
      "mode": "managed",
      "type": "mist_site_setting",
      "name": "test",
      "provider": "provider[\"registry.terraform.io/juniper/mist\"]",
      "instances": [
        {
          "schema_version": 0,
          "attributes": {
            "analytic": {
              "enabled": true
            },
            "ap_updown_threshold": 5,
            "auto_upgrade": {
              "custom_versions": {},
              "day_of_week": "tue",
              "enabled": true,
              "time_of_day": "02:00",
              "version": "beta"
            },
            "blacklist_url": null,
            "ble_config": {
              "beacon_enabled": false,
              "beacon_rate": 0,
              "beacon_rate_mode": "",
              "beam_disabled": [],
              "custom_ble_packet_enabled": false,
              "custom_ble_packet_frame": "",
              "custom_ble_packet_freq_msec": 0,
              "eddystone_uid_adv_power": 0,
              "eddystone_uid_beams": "",
              "eddystone_uid_enabled": false,
              "eddystone_uid_freq_msec": 0,
              "eddystone_uid_instance": "",
              "eddystone_uid_namespace": "",
              "eddystone_url_adv_power": 0,
              "eddystone_url_beams": "",
              "eddystone_url_enabled": false,
              "eddystone_url_freq_msec": 0,
              "eddystone_url_url": "",
              "ibeacon_adv_power": 0,
              "ibeacon_beams": "",
              "ibeacon_enabled": false,
              "ibeacon_freq_msec": 0,
              "ibeacon_major": 0,
              "ibeacon_minor": 0,
              "ibeacon_uuid": "",
              "power": 0,
              "power_mode": ""
            },
            "config_auto_revert": true,
            "config_push_policy": {
              "no_push": false,
              "push_window": {
                "enabled": true,
                "hours": {
                  "fri": "",
                  "mon": "",
                  "sat": "",
                  "sun": "",
                  "thu": "",
                  "tue": "",
                  "wed": ""
                }
              }
            },
            "critical_url_monitoring": {
              "enabled": false,
              "monitors": []
            },
            "device_updown_threshold": 5,
            "disabled_system_defined_port_usages": [],
            "dns_servers": [
              "8.8.8.8",
              "1.1.1.1"
            ],
            "dns_suffix": [],
            "engagement": {
              "dwell_tag_names": {
                "bounce": "",
                "engaged": "",
                "passerby": "",
                "stationed": ""
              },
              "dwell_tags": {
                "bounce": "",
                "engaged": "",
                "passerby": "",
                "stationed": ""
              },
              "hours": {
                "fri": "",
                "mon": "",
                "sat": "",
                "sun": "",
                "thu": "",
                "tue": "",
                "wed": ""
              },
              "max_dwell": 0,
              "min_dwell": 0
            },
            "gateway_updown_threshold": 0,
            "led": {
              "brightness": 255,
              "enabled": true
            },
            "networks": {},
            "ntp_servers": [],
            "occupancy": {
              "assets_enabled": false,
              "clients_enabled": false,
              "min_duration": 0,
              "sdkclients_enabled": false,
              "unconnected_clients_enabled": false
            },
            "persist_config_on_device": true,
            "proxy": {
              "url": "http://myproxy:3128"
            },
            "report_gatt": false,
            "rogue": {
              "enabled": true,
              "honeypot_enabled": true,
              "min_duration": 5,
              "min_rssi": -80,
              "whitelisted_bssids": [],
              "whitelisted_ssids": []
            },
            "simple_alert": {
              "arp_failure": {
                "client_count": 0,
                "duration": 0,
                "incident_count": 0
              },
              "dhcp_failure": {
                "client_count": 0,
                "duration": 0,
                "incident_count": 0
              },
              "dns_failure": {
                "client_count": 0,
                "duration": 0,
                "incident_count": 0
              }
            },
            "site_id": "28409ec2-5258-44c0-8cce-00a28d720870",
            "skyatp": {
              "enabled": false,
              "send_ip_mac_mapping": false
            },
            "srx_app": {
              "enabled": false
            },
            "ssh_keys": [],
            "ssr": {
              "conductor_hosts": [],
              "disable_stats": false
            },
            "switch_updown_threshold": 0,
            "synthetic_test": {
              "disabled": false,
              "vlans": []
            },
            "track_anonymous_devices": false,
            "vars": {},
            "vna": {
              "enabled": false
            },
            "wan_vna": {
              "enabled": false
            },
            "watched_station_url": null,
            "whitelist_url": null,
            "wids": {
              "repeated_auth_failures": {
                "duration": 0,
                "threshold": 0
              }
            },
            "wifi": {
              "cisco_enabled": false,
              "disable_11k": false,
              "disable_radios_when_power_constrained": false,
              "enable_arp_spoof_check": false,
              "enable_shared_radio_scanning": false,
              "enabled": false,
              "locate_connected": false,
              "locate_unconnected": false,
              "mesh_allow_dfs": false,
              "mesh_enable_crm": false,
              "mesh_enabled": false,
              "mesh_psk": "",
              "mesh_ssid": "",
              "proxy_arp": ""
            },
            "wired_vna": {
              "enabled": false
            },
            "zone_occupancy_alert": {
              "email_notifiers": [],
              "enabled": false,
              "threshold": 0
            }
          },
          "sensitive_attributes": [],
          "dependencies": [
            "mist_gatewaytemplate.stag",
            "mist_networktemplate.switch_template",
            "mist_org.terraform_test",
            "mist_rftemplate.test_rf",
            "mist_site.terraform_site",
            "mist_sitegroup.test_group",
            "mist_sitegroup.test_group2"
          ]
        }
      ]
    },
    {
      "mode": "managed",
      "type": "mist_sitegroup",
      "name": "test_group",
      "provider": "provider[\"registry.terraform.io/juniper/mist\"]",
      "instances": [
        {
          "schema_version": 0,
          "attributes": {
            "id": "a48bfb31-60f0-4049-91b9-dae762f44caa",
            "name": "test group",
            "org_id": "0361cd9b-a480-4ba2-8cdd-7193ec102afa"
          },
          "sensitive_attributes": [],
          "dependencies": [
            "mist_org.terraform_test"
          ]
        }
      ]
    },
    {
      "mode": "managed",
      "type": "mist_sitegroup",
      "name": "test_group2",
      "provider": "provider[\"registry.terraform.io/juniper/mist\"]",
      "instances": [
        {
          "schema_version": 0,
          "attributes": {
            "id": "bd7e2d02-f51d-48ef-95b9-2f294d06cebe",
            "name": "test group2b",
            "org_id": "0361cd9b-a480-4ba2-8cdd-7193ec102afa"
          },
          "sensitive_attributes": [],
          "dependencies": [
            "mist_org.terraform_test"
          ]
        }
      ]
    }
  ],
  "check_results": null
}
