{
  "version": 4,
  "terraform_version": "1.10.0",
  "serial": 1124,
  "lineage": "498d77f2-7097-ebcd-c337-f64ace545a4c",
  "outputs": {},
  "resources": [
    {
      "mode": "managed",
      "type": "mist_org",
      "name": "terraform_test",
      "provider": "provider[\"registry.terraform.io/juniper/mist\"]",
      "instances": [
        {
          "schema_version": 0,
          "attributes": {
            "alarmtemplate_id": null,
            "allow_mist": true,
            "id": "b3e13549-d254-43d3-b62c-ce121b957327",
            "msp_id": null,
            "msp_logo_url": null,
            "msp_name": null,
            "name": "Terraform Testing - MD",
            "orggroup_ids": [],
            "session_expiry": 1440
          },
          "sensitive_attributes": []
        }
      ]
    },
    {
      "mode": "managed",
      "type": "mist_org_service",
      "name": "service_0",
      "provider": "provider[\"registry.terraform.io/juniper/mist\"]",
      "instances": [
        {
          "schema_version": 0,
          "attributes": {
            "addresses": [],
            "app_categories": [],
            "app_subcategories": [],
            "apps": [
              "office365"
            ],
            "description": null,
            "dscp": null,
            "failover_policy": "revertable",
            "hostnames": [],
            "id": "494744ae-08d6-4daf-962d-531ccb5805b5",
            "max_jitter": null,
            "max_latency": null,
            "max_loss": null,
            "name": "LBO-L7-APPS",
            "org_id": "b3e13549-d254-43d3-b62c-ce121b957327",
            "sle_enabled": false,
            "specs": null,
            "ssr_relaxed_tcp_state_enforcement": false,
            "traffic_class": "best_effort",
            "traffic_type": "default",
            "type": "apps",
            "urls": []
          },
          "sensitive_attributes": [],
          "dependencies": [
            "mist_org.terraform_test"
          ]
        }
      ]
    },
    {
      "mode": "managed",
      "type": "mist_org_service",
      "name": "service_1",
      "provider": "provider[\"registry.terraform.io/juniper/mist\"]",
      "instances": [
        {
          "schema_version": 0,
          "attributes": {
            "addresses": [],
            "app_categories": [],
            "app_subcategories": [],
            "apps": [
              "office365"
            ],
            "description": "App for detecting office 365",
            "dscp": null,
            "failover_policy": "revertable",
            "hostnames": [],
            "id": "68b2c420-5af4-4c94-b3a3-80fa8b761426",
            "max_jitter": null,
            "max_latency": null,
            "max_loss": null,
            "name": "XX-office365",
            "org_id": "b3e13549-d254-43d3-b62c-ce121b957327",
            "sle_enabled": false,
            "specs": null,
            "ssr_relaxed_tcp_state_enforcement": false,
            "traffic_class": "best_effort",
            "traffic_type": "default",
            "type": "apps",
            "urls": []
          },
          "sensitive_attributes": [],
          "dependencies": [
            "mist_org.terraform_test"
          ]
        }
      ]
    },
    {
      "mode": "managed",
      "type": "mist_org_service",
      "name": "service_10",
      "provider": "provider[\"registry.terraform.io/juniper/mist\"]",
      "instances": [
        {
          "schema_version": 0,
          "attributes": {
            "addresses": [
              "0.0.0.0/0"
            ],
            "app_categories": [],
            "app_subcategories": [],
            "apps": [],
            "description": null,
            "dscp": null,
            "failover_policy": "revertable",
            "hostnames": [],
            "id": "2d292be8-6e19-4e90-9779-772baa2740c5",
            "max_jitter": null,
            "max_latency": null,
            "max_loss": null,
            "name": "ANY-TCP_8112",
            "org_id": "b3e13549-d254-43d3-b62c-ce121b957327",
            "sle_enabled": false,
            "specs": [
              {
                "port_range": "8112-8112",
                "protocol": "tcp"
              }
            ],
            "ssr_relaxed_tcp_state_enforcement": false,
            "traffic_class": "best_effort",
            "traffic_type": "default",
            "type": "custom",
            "urls": []
          },
          "sensitive_attributes": [],
          "dependencies": [
            "mist_org.terraform_test"
          ]
        }
      ]
    },
    {
      "mode": "managed",
      "type": "mist_org_service",
      "name": "service_100",
      "provider": "provider[\"registry.terraform.io/juniper/mist\"]",
      "instances": [
        {
          "schema_version": 0,
          "attributes": {
            "addresses": [
              "{{branch_ip}}.50/32"
            ],
            "app_categories": [],
            "app_subcategories": [],
            "apps": [],
            "description": null,
            "dscp": null,
            "failover_policy": "revertable",
            "hostnames": [],
            "id": "3dbc33ca-8241-4ceb-8994-9ffd023bb932",
            "max_jitter": null,
            "max_latency": null,
            "max_loss": null,
            "name": "10_X_Y_50-ICMP",
            "org_id": "b3e13549-d254-43d3-b62c-ce121b957327",
            "sle_enabled": false,
            "specs": [
              {
                "port_range": null,
                "protocol": "icmp"
              }
            ],
            "ssr_relaxed_tcp_state_enforcement": false,
            "traffic_class": "best_effort",
            "traffic_type": "default",
            "type": "custom",
            "urls": []
          },
          "sensitive_attributes": [],
          "dependencies": [
            "mist_org.terraform_test"
          ]
        }
      ]
    },
    {
      "mode": "managed",
      "type": "mist_org_service",
      "name": "service_101",
      "provider": "provider[\"registry.terraform.io/juniper/mist\"]",
      "instances": [
        {
          "schema_version": 0,
          "attributes": {
            "addresses": [
              "{{branch_ip}}.62/32"
            ],
            "app_categories": [],
            "app_subcategories": [],
            "apps": [],
            "description": null,
            "dscp": null,
            "failover_policy": "revertable",
            "hostnames": [],
            "id": "22c8c837-9025-4e3e-bad0-d0f13b64ad03",
            "max_jitter": null,
            "max_latency": null,
            "max_loss": null,
            "name": "10_X_Y_62-UDP_123",
            "org_id": "b3e13549-d254-43d3-b62c-ce121b957327",
            "sle_enabled": false,
            "specs": [
              {
                "port_range": "123-123",
                "protocol": "udp"
              }
            ],
            "ssr_relaxed_tcp_state_enforcement": false,
            "traffic_class": "best_effort",
            "traffic_type": "default",
            "type": "custom",
            "urls": []
          },
          "sensitive_attributes": [],
          "dependencies": [
            "mist_org.terraform_test"
          ]
        }
      ]
    },
    {
      "mode": "managed",
      "type": "mist_org_service",
      "name": "service_102",
      "provider": "provider[\"registry.terraform.io/juniper/mist\"]",
      "instances": [
        {
          "schema_version": 0,
          "attributes": {
            "addresses": [
              "0.0.0.0/0"
            ],
            "app_categories": [],
            "app_subcategories": [],
            "apps": [],
            "description": null,
            "dscp": null,
            "failover_policy": "revertable",
            "hostnames": [],
            "id": "d7652ac9-6dbd-4ef7-8ce2-7aa242c041f4",
            "max_jitter": null,
            "max_latency": null,
            "max_loss": null,
            "name": "ANY-UDP_8209",
            "org_id": "b3e13549-d254-43d3-b62c-ce121b957327",
            "sle_enabled": false,
            "specs": [
              {
                "port_range": "8209-8209",
                "protocol": "udp"
              }
            ],
            "ssr_relaxed_tcp_state_enforcement": false,
            "traffic_class": "best_effort",
            "traffic_type": "default",
            "type": "custom",
            "urls": []
          },
          "sensitive_attributes": [],
          "dependencies": [
            "mist_org.terraform_test"
          ]
        }
      ]
    },
    {
      "mode": "managed",
      "type": "mist_org_service",
      "name": "service_103",
      "provider": "provider[\"registry.terraform.io/juniper/mist\"]",
      "instances": [
        {
          "schema_version": 0,
          "attributes": {
            "addresses": [
              "{{iot_net_wired}}.200/32"
            ],
            "app_categories": [],
            "app_subcategories": [],
            "apps": [],
            "description": null,
            "dscp": null,
            "failover_policy": "revertable",
            "hostnames": [],
            "id": "d29decfd-d5c2-4352-8418-b5c41c63bc54",
            "max_jitter": null,
            "max_latency": null,
            "max_loss": null,
            "name": "192_168_92_200-TCP_443",
            "org_id": "b3e13549-d254-43d3-b62c-ce121b957327",
            "sle_enabled": false,
            "specs": [
              {
                "port_range": "443-443",
                "protocol": "tcp"
              }
            ],
            "ssr_relaxed_tcp_state_enforcement": false,
            "traffic_class": "best_effort",
            "traffic_type": "default",
            "type": "custom",
            "urls": []
          },
          "sensitive_attributes": [],
          "dependencies": [
            "mist_org.terraform_test"
          ]
        }
      ]
    },
    {
      "mode": "managed",
      "type": "mist_org_service",
      "name": "service_104",
      "provider": "provider[\"registry.terraform.io/juniper/mist\"]",
      "instances": [
        {
          "schema_version": 0,
          "attributes": {
            "addresses": [
              "{{branch_no_routable}}.0/26"
            ],
            "app_categories": [],
            "app_subcategories": [],
            "apps": [],
            "description": null,
            "dscp": null,
            "failover_policy": "revertable",
            "hostnames": [],
            "id": "e997df84-b796-43a3-8ad4-c891c7137171",
            "max_jitter": null,
            "max_latency": null,
            "max_loss": null,
            "name": "192_168_90_0-24-ANY",
            "org_id": "b3e13549-d254-43d3-b62c-ce121b957327",
            "sle_enabled": false,
            "specs": [
              {
                "port_range": null,
                "protocol": "any"
              }
            ],
            "ssr_relaxed_tcp_state_enforcement": false,
            "traffic_class": "best_effort",
            "traffic_type": "default",
            "type": "custom",
            "urls": []
          },
          "sensitive_attributes": [],
          "dependencies": [
            "mist_org.terraform_test"
          ]
        }
      ]
    },
    {
      "mode": "managed",
      "type": "mist_org_service",
      "name": "service_105",
      "provider": "provider[\"registry.terraform.io/juniper/mist\"]",
      "instances": [
        {
          "schema_version": 0,
          "attributes": {
            "addresses": [
              "{{branch_ip}}.131/32",
              "{{branch_ip}}.132/32"
            ],
            "app_categories": [],
            "app_subcategories": [],
            "apps": [],
            "description": null,
            "dscp": null,
            "failover_policy": "revertable",
            "hostnames": [],
            "id": "313d2fa4-9fcf-4db3-83d8-b21c0d125e2d",
            "max_jitter": null,
            "max_latency": null,
            "max_loss": null,
            "name": "RESTRICTED-TCP-5015",
            "org_id": "b3e13549-d254-43d3-b62c-ce121b957327",
            "sle_enabled": false,
            "specs": [
              {
                "port_range": "5015-5015",
                "protocol": "tcp"
              }
            ],
            "ssr_relaxed_tcp_state_enforcement": false,
            "traffic_class": "best_effort",
            "traffic_type": "default",
            "type": "custom",
            "urls": []
          },
          "sensitive_attributes": [],
          "dependencies": [
            "mist_org.terraform_test"
          ]
        }
      ]
    },
    {
      "mode": "managed",
      "type": "mist_org_service",
      "name": "service_106",
      "provider": "provider[\"registry.terraform.io/juniper/mist\"]",
      "instances": [
        {
          "schema_version": 0,
          "attributes": {
            "addresses": [
              "{{branch_ip}}.1/32",
              "{{branch_ip}}.25/32"
            ],
            "app_categories": [],
            "app_subcategories": [],
            "apps": [],
            "description": null,
            "dscp": null,
            "failover_policy": "revertable",
            "hostnames": [],
            "id": "8df72d27-ccc8-430e-b771-98757a904730",
            "max_jitter": null,
            "max_latency": null,
            "max_loss": null,
            "name": "CORE_1_25-TCP-8123",
            "org_id": "b3e13549-d254-43d3-b62c-ce121b957327",
            "sle_enabled": false,
            "specs": [
              {
                "port_range": "8123-8123",
                "protocol": "tcp"
              }
            ],
            "ssr_relaxed_tcp_state_enforcement": false,
            "traffic_class": "best_effort",
            "traffic_type": "default",
            "type": "custom",
            "urls": []
          },
          "sensitive_attributes": [],
          "dependencies": [
            "mist_org.terraform_test"
          ]
        }
      ]
    },
    {
      "mode": "managed",
      "type": "mist_org_service",
      "name": "service_107",
      "provider": "provider[\"registry.terraform.io/juniper/mist\"]",
      "instances": [
        {
          "schema_version": 0,
          "attributes": {
            "addresses": [
              "{{iot_net_wired}}.192/26",
              "{{iot_net_wired}}.180/32",
              "{{iot_net_wired}}.181/32",
              "{{iot_net_wired}}.182/32",
              "{{iot_net_wired}}.183/32",
              "{{iot_net_wired}}.184/32",
              "{{iot_net_wired}}.185/32",
              "{{iot_net_wired}}.186/32",
              "{{iot_net_wired}}.187/32",
              "{{iot_net_wired}}.188/32",
              "{{iot_net_wired}}.189/32",
              "{{iot_net_wired}}.190/32",
              "{{iot_net_wired}}.191/32",
              "{{secondary_iot_wired}}.192/26",
              "{{secondary_iot_wired}}.180/32",
              "{{secondary_iot_wired}}.181/32",
              "{{secondary_iot_wired}}.182/32",
              "{{secondary_iot_wired}}.183/32",
              "{{secondary_iot_wired}}.184/32",
              "{{secondary_iot_wired}}.185/32",
              "{{secondary_iot_wired}}.186/32",
              "{{secondary_iot_wired}}.187/32",
              "{{secondary_iot_wired}}.188/32",
              "{{secondary_iot_wired}}.189/32",
              "{{secondary_iot_wired}}.190/32",
              "{{secondary_iot_wired}}.191/32"
            ],
            "app_categories": [],
            "app_subcategories": [],
            "apps": [],
            "description": null,
            "dscp": null,
            "failover_policy": "revertable",
            "hostnames": [],
            "id": "7da6413d-b790-4dbd-ba68-9a39de958e2e",
            "max_jitter": null,
            "max_latency": null,
            "max_loss": null,
            "name": "192_168_92_192-26-TCP_22501",
            "org_id": "b3e13549-d254-43d3-b62c-ce121b957327",
            "sle_enabled": false,
            "specs": [
              {
                "port_range": "22501-22501",
                "protocol": "tcp"
              }
            ],
            "ssr_relaxed_tcp_state_enforcement": false,
            "traffic_class": "best_effort",
            "traffic_type": "default",
            "type": "custom",
            "urls": []
          },
          "sensitive_attributes": [],
          "dependencies": [
            "mist_org.terraform_test"
          ]
        }
      ]
    },
    {
      "mode": "managed",
      "type": "mist_org_service",
      "name": "service_108",
      "provider": "provider[\"registry.terraform.io/juniper/mist\"]",
      "instances": [
        {
          "schema_version": 0,
          "attributes": {
            "addresses": [
              "{{iot_net_wired}}.199/32"
            ],
            "app_categories": [],
            "app_subcategories": [],
            "apps": [],
            "description": null,
            "dscp": null,
            "failover_policy": "revertable",
            "hostnames": [],
            "id": "8bd479c2-e27b-4e6f-bf55-df46fb9898b0",
            "max_jitter": null,
            "max_latency": null,
            "max_loss": null,
            "name": "192_168_92_199-TCP_8883",
            "org_id": "b3e13549-d254-43d3-b62c-ce121b957327",
            "sle_enabled": false,
            "specs": [
              {
                "port_range": "8883-8883",
                "protocol": "tcp"
              }
            ],
            "ssr_relaxed_tcp_state_enforcement": false,
            "traffic_class": "best_effort",
            "traffic_type": "default",
            "type": "custom",
            "urls": []
          },
          "sensitive_attributes": [],
          "dependencies": [
            "mist_org.terraform_test"
          ]
        }
      ]
    },
    {
      "mode": "managed",
      "type": "mist_org_service",
      "name": "service_109",
      "provider": "provider[\"registry.terraform.io/juniper/mist\"]",
      "instances": [
        {
          "schema_version": 0,
          "attributes": {
            "addresses": [
              "{{iot_net_wireless}}.254/32"
            ],
            "app_categories": [],
            "app_subcategories": [],
            "apps": [],
            "description": null,
            "dscp": null,
            "failover_policy": "revertable",
            "hostnames": [],
            "id": "f02b61b8-0c1d-4f38-b29a-aabdad2d71ad",
            "max_jitter": null,
            "max_latency": null,
            "max_loss": null,
            "name": "192_168_94_1-UDP_53",
            "org_id": "b3e13549-d254-43d3-b62c-ce121b957327",
            "sle_enabled": false,
            "specs": [
              {
                "port_range": "53-53",
                "protocol": "udp"
              }
            ],
            "ssr_relaxed_tcp_state_enforcement": false,
            "traffic_class": "best_effort",
            "traffic_type": "default",
            "type": "custom",
            "urls": []
          },
          "sensitive_attributes": [],
          "dependencies": [
            "mist_org.terraform_test"
          ]
        }
      ]
    },
    {
      "mode": "managed",
      "type": "mist_org_service",
      "name": "service_11",
      "provider": "provider[\"registry.terraform.io/juniper/mist\"]",
      "instances": [
        {
          "schema_version": 0,
          "attributes": {
            "addresses": [
              "{{iot_net_wired}}.0/26"
            ],
            "app_categories": [],
            "app_subcategories": [],
            "apps": [],
            "description": null,
            "dscp": null,
            "failover_policy": "revertable",
            "hostnames": [],
            "id": "d2eb1f46-9f1a-410a-a941-207576dfd1b6",
            "max_jitter": null,
            "max_latency": null,
            "max_loss": null,
            "name": "192_168_92_0-24-TCP_80",
            "org_id": "b3e13549-d254-43d3-b62c-ce121b957327",
            "sle_enabled": false,
            "specs": [
              {
                "port_range": "80-80",
                "protocol": "tcp"
              }
            ],
            "ssr_relaxed_tcp_state_enforcement": false,
            "traffic_class": "best_effort",
            "traffic_type": "default",
            "type": "custom",
            "urls": []
          },
          "sensitive_attributes": [],
          "dependencies": [
            "mist_org.terraform_test"
          ]
        }
      ]
    },
    {
      "mode": "managed",
      "type": "mist_org_service",
      "name": "service_110",
      "provider": "provider[\"registry.terraform.io/juniper/mist\"]",
      "instances": [
        {
          "schema_version": 0,
          "attributes": {
            "addresses": [
              "{{iot_net_wired_upper}}.0/24"
            ],
            "app_categories": [],
            "app_subcategories": [],
            "apps": [],
            "description": null,
            "dscp": null,
            "failover_policy": "revertable",
            "hostnames": [],
            "id": "a1ebc160-ee72-48b0-81b2-7c589a828df8",
            "max_jitter": null,
            "max_latency": null,
            "max_loss": null,
            "name": "192_168_93_0-24-TCP_502",
            "org_id": "b3e13549-d254-43d3-b62c-ce121b957327",
            "sle_enabled": false,
            "specs": [
              {
                "port_range": "502-502",
                "protocol": "tcp"
              }
            ],
            "ssr_relaxed_tcp_state_enforcement": false,
            "traffic_class": "best_effort",
            "traffic_type": "default",
            "type": "custom",
            "urls": []
          },
          "sensitive_attributes": [],
          "dependencies": [
            "mist_org.terraform_test"
          ]
        }
      ]
    },
    {
      "mode": "managed",
      "type": "mist_org_service",
      "name": "service_111",
      "provider": "provider[\"registry.terraform.io/juniper/mist\"]",
      "instances": [
        {
          "schema_version": 0,
          "attributes": {
            "addresses": [
              "{{private_net}}.1/32"
            ],
            "app_categories": [],
            "app_subcategories": [],
            "apps": [],
            "description": null,
            "dscp": null,
            "failover_policy": "revertable",
            "hostnames": [],
            "id": "6064070b-9d5a-47a3-b9a7-83922ed184a5",
            "max_jitter": null,
            "max_latency": null,
            "max_loss": null,
            "name": "192_168_91_1-UDP_53",
            "org_id": "b3e13549-d254-43d3-b62c-ce121b957327",
            "sle_enabled": false,
            "specs": [
              {
                "port_range": "53-53",
                "protocol": "udp"
              }
            ],
            "ssr_relaxed_tcp_state_enforcement": false,
            "traffic_class": "best_effort",
            "traffic_type": "default",
            "type": "custom",
            "urls": []
          },
          "sensitive_attributes": [],
          "dependencies": [
            "mist_org.terraform_test"
          ]
        }
      ]
    },
    {
      "mode": "managed",
      "type": "mist_org_service",
      "name": "service_112",
      "provider": "provider[\"registry.terraform.io/juniper/mist\"]",
      "instances": [
        {
          "schema_version": 0,
          "attributes": {
            "addresses": [
              "{{public_net}}.0/23"
            ],
            "app_categories": [],
            "app_subcategories": [],
            "apps": [],
            "description": null,
            "dscp": null,
            "failover_policy": "revertable",
            "hostnames": [],
            "id": "4cb17995-9ece-4ce0-b2a3-40cb86af0b70",
            "max_jitter": null,
            "max_latency": null,
            "max_loss": null,
            "name": "192_168_4_0-23-ANY",
            "org_id": "b3e13549-d254-43d3-b62c-ce121b957327",
            "sle_enabled": false,
            "specs": [
              {
                "port_range": null,
                "protocol": "any"
              }
            ],
            "ssr_relaxed_tcp_state_enforcement": false,
            "traffic_class": "best_effort",
            "traffic_type": "default",
            "type": "custom",
            "urls": []
          },
          "sensitive_attributes": [],
          "dependencies": [
            "mist_org.terraform_test"
          ]
        }
      ]
    },
    {
      "mode": "managed",
      "type": "mist_org_service",
      "name": "service_113",
      "provider": "provider[\"registry.terraform.io/juniper/mist\"]",
      "instances": [
        {
          "schema_version": 0,
          "attributes": {
            "addresses": [
              "{{iot_net_wired}}.199/32"
            ],
            "app_categories": [],
            "app_subcategories": [],
            "apps": [],
            "description": null,
            "dscp": null,
            "failover_policy": "revertable",
            "hostnames": [],
            "id": "7d5ace4e-a4c1-4ca2-9a0f-6d7dbce5aa42",
            "max_jitter": null,
            "max_latency": null,
            "max_loss": null,
            "name": "192_168_92_199-TCP_22",
            "org_id": "b3e13549-d254-43d3-b62c-ce121b957327",
            "sle_enabled": false,
            "specs": [
              {
                "port_range": "22-22",
                "protocol": "tcp"
              }
            ],
            "ssr_relaxed_tcp_state_enforcement": false,
            "traffic_class": "best_effort",
            "traffic_type": "default",
            "type": "custom",
            "urls": []
          },
          "sensitive_attributes": [],
          "dependencies": [
            "mist_org.terraform_test"
          ]
        }
      ]
    },
    {
      "mode": "managed",
      "type": "mist_org_service",
      "name": "service_114",
      "provider": "provider[\"registry.terraform.io/juniper/mist\"]",
      "instances": [
        {
          "schema_version": 0,
          "attributes": {
            "addresses": [
              "{{branch_ip}}.249/32"
            ],
            "app_categories": [],
            "app_subcategories": [],
            "apps": [],
            "description": null,
            "dscp": null,
            "failover_policy": "revertable",
            "hostnames": [],
            "id": "d421820f-8ecd-41a9-8b49-11245a222445",
            "max_jitter": null,
            "max_latency": null,
            "max_loss": null,
            "name": "10_X_Y_249-TCP_44818",
            "org_id": "b3e13549-d254-43d3-b62c-ce121b957327",
            "sle_enabled": false,
            "specs": [
              {
                "port_range": "44818-44818",
                "protocol": "tcp"
              }
            ],
            "ssr_relaxed_tcp_state_enforcement": false,
            "traffic_class": "best_effort",
            "traffic_type": "default",
            "type": "custom",
            "urls": []
          },
          "sensitive_attributes": [],
          "dependencies": [
            "mist_org.terraform_test"
          ]
        }
      ]
    },
    {
      "mode": "managed",
      "type": "mist_org_service",
      "name": "service_115",
      "provider": "provider[\"registry.terraform.io/juniper/mist\"]",
      "instances": [
        {
          "schema_version": 0,
          "attributes": {
            "addresses": [
              "{{iot_net_wired}}.169/32"
            ],
            "app_categories": [],
            "app_subcategories": [],
            "apps": [],
            "description": null,
            "dscp": null,
            "failover_policy": "revertable",
            "hostnames": [],
            "id": "36eba5a4-0c3e-41cb-b455-f8550f7e029a",
            "max_jitter": null,
            "max_latency": null,
            "max_loss": null,
            "name": "192_168_92_169-TCP_80",
            "org_id": "b3e13549-d254-43d3-b62c-ce121b957327",
            "sle_enabled": false,
            "specs": [
              {
                "port_range": "80-80",
                "protocol": "tcp"
              }
            ],
            "ssr_relaxed_tcp_state_enforcement": false,
            "traffic_class": "best_effort",
            "traffic_type": "default",
            "type": "custom",
            "urls": []
          },
          "sensitive_attributes": [],
          "dependencies": [
            "mist_org.terraform_test"
          ]
        }
      ]
    },
    {
      "mode": "managed",
      "type": "mist_org_service",
      "name": "service_116",
      "provider": "provider[\"registry.terraform.io/juniper/mist\"]",
      "instances": [
        {
          "schema_version": 0,
          "attributes": {
            "addresses": [
              "{{VLAN410}}.0/25",
              "{{VLAN420}}.128/27",
              "{{VLAN430}}.160/27",
              "{{VLAN440}}.192/27",
              "{{VLAN490}}.128/26"
            ],
            "app_categories": [],
            "app_subcategories": [],
            "apps": [],
            "description": null,
            "dscp": null,
            "failover_policy": "revertable",
            "hostnames": [],
            "id": "3c174fc3-f562-4018-9f8a-db20707e8913",
            "max_jitter": null,
            "max_latency": null,
            "max_loss": null,
            "name": "ICMP_VLAN410to490",
            "org_id": "b3e13549-d254-43d3-b62c-ce121b957327",
            "sle_enabled": false,
            "specs": [
              {
                "port_range": null,
                "protocol": "icmp"
              }
            ],
            "ssr_relaxed_tcp_state_enforcement": false,
            "traffic_class": "best_effort",
            "traffic_type": "default",
            "type": "custom",
            "urls": []
          },
          "sensitive_attributes": [],
          "dependencies": [
            "mist_org.terraform_test"
          ]
        }
      ]
    },
    {
      "mode": "managed",
      "type": "mist_org_service",
      "name": "service_117",
      "provider": "provider[\"registry.terraform.io/juniper/mist\"]",
      "instances": [
        {
          "schema_version": 0,
          "attributes": {
            "addresses": [
              "{{branch_ip}}.25/32"
            ],
            "app_categories": [],
            "app_subcategories": [],
            "apps": [],
            "description": null,
            "dscp": null,
            "failover_policy": "revertable",
            "hostnames": [],
            "id": "97fb46c2-69ae-483e-91d8-b5f68a0992c1",
            "max_jitter": null,
            "max_latency": null,
            "max_loss": null,
            "name": "10_X_Y_25-TCP_5172",
            "org_id": "b3e13549-d254-43d3-b62c-ce121b957327",
            "sle_enabled": false,
            "specs": [
              {
                "port_range": "5172-5172",
                "protocol": "tcp"
              }
            ],
            "ssr_relaxed_tcp_state_enforcement": false,
            "traffic_class": "best_effort",
            "traffic_type": "default",
            "type": "custom",
            "urls": []
          },
          "sensitive_attributes": [],
          "dependencies": [
            "mist_org.terraform_test"
          ]
        }
      ]
    },
    {
      "mode": "managed",
      "type": "mist_org_service",
      "name": "service_118",
      "provider": "provider[\"registry.terraform.io/juniper/mist\"]",
      "instances": [
        {
          "schema_version": 0,
          "attributes": {
            "addresses": [
              "{{iot_net_wired}}.165/32"
            ],
            "app_categories": [],
            "app_subcategories": [],
            "apps": [],
            "description": null,
            "dscp": null,
            "failover_policy": "revertable",
            "hostnames": [],
            "id": "1d1efb77-7a85-4208-bce9-b06a659e4cdf",
            "max_jitter": null,
            "max_latency": null,
            "max_loss": null,
            "name": "192_168_92_165-TCP_80",
            "org_id": "b3e13549-d254-43d3-b62c-ce121b957327",
            "sle_enabled": false,
            "specs": [
              {
                "port_range": "80-80",
                "protocol": "tcp"
              }
            ],
            "ssr_relaxed_tcp_state_enforcement": false,
            "traffic_class": "best_effort",
            "traffic_type": "default",
            "type": "custom",
            "urls": []
          },
          "sensitive_attributes": [],
          "dependencies": [
            "mist_org.terraform_test"
          ]
        }
      ]
    },
    {
      "mode": "managed",
      "type": "mist_org_service",
      "name": "service_119",
      "provider": "provider[\"registry.terraform.io/juniper/mist\"]",
      "instances": [
        {
          "schema_version": 0,
          "attributes": {
            "addresses": [
              "{{iot_net_wired}}.0/24"
            ],
            "app_categories": [],
            "app_subcategories": [],
            "apps": [],
            "description": null,
            "dscp": null,
            "failover_policy": "revertable",
            "hostnames": [],
            "id": "2b17b316-6267-493e-b0e0-b17095a701c0",
            "max_jitter": null,
            "max_latency": null,
            "max_loss": null,
            "name": "192_168_92_0-24-TCP_23",
            "org_id": "b3e13549-d254-43d3-b62c-ce121b957327",
            "sle_enabled": false,
            "specs": [
              {
                "port_range": "23-23",
                "protocol": "tcp"
              }
            ],
            "ssr_relaxed_tcp_state_enforcement": false,
            "traffic_class": "best_effort",
            "traffic_type": "default",
            "type": "custom",
            "urls": []
          },
          "sensitive_attributes": [],
          "dependencies": [
            "mist_org.terraform_test"
          ]
        }
      ]
    },
    {
      "mode": "managed",
      "type": "mist_org_service",
      "name": "service_12",
      "provider": "provider[\"registry.terraform.io/juniper/mist\"]",
      "instances": [
        {
          "schema_version": 0,
          "attributes": {
            "addresses": [
              "{{iot_net_wired_upper}}.0/24"
            ],
            "app_categories": [],
            "app_subcategories": [],
            "apps": [],
            "description": null,
            "dscp": null,
            "failover_policy": "revertable",
            "hostnames": [],
            "id": "845555ef-3cd2-48a1-9767-a68c1661f938",
            "max_jitter": null,
            "max_latency": null,
            "max_loss": null,
            "name": "192_168_93_0-24-TCP_8883",
            "org_id": "b3e13549-d254-43d3-b62c-ce121b957327",
            "sle_enabled": false,
            "specs": [
              {
                "port_range": "8883-8883",
                "protocol": "tcp"
              }
            ],
            "ssr_relaxed_tcp_state_enforcement": false,
            "traffic_class": "best_effort",
            "traffic_type": "default",
            "type": "custom",
            "urls": []
          },
          "sensitive_attributes": [],
          "dependencies": [
            "mist_org.terraform_test"
          ]
        }
      ]
    },
    {
      "mode": "managed",
      "type": "mist_org_service",
      "name": "service_120",
      "provider": "provider[\"registry.terraform.io/juniper/mist\"]",
      "instances": [
        {
          "schema_version": 0,
          "attributes": {
            "addresses": [
              "{{iot_net_wired}}.160/32"
            ],
            "app_categories": [],
            "app_subcategories": [],
            "apps": [],
            "description": null,
            "dscp": null,
            "failover_policy": "revertable",
            "hostnames": [],
            "id": "7cf15acb-c59f-46f6-a355-dafcb3e0fbd3",
            "max_jitter": null,
            "max_latency": null,
            "max_loss": null,
            "name": "192_168_92_160-TCP_80",
            "org_id": "b3e13549-d254-43d3-b62c-ce121b957327",
            "sle_enabled": false,
            "specs": [
              {
                "port_range": "80-80",
                "protocol": "tcp"
              }
            ],
            "ssr_relaxed_tcp_state_enforcement": false,
            "traffic_class": "best_effort",
            "traffic_type": "default",
            "type": "custom",
            "urls": []
          },
          "sensitive_attributes": [],
          "dependencies": [
            "mist_org.terraform_test"
          ]
        }
      ]
    },
    {
      "mode": "managed",
      "type": "mist_org_service",
      "name": "service_121",
      "provider": "provider[\"registry.terraform.io/juniper/mist\"]",
      "instances": [
        {
          "schema_version": 0,
          "attributes": {
            "addresses": [
              "{{iot_net_wireless}}.254/32"
            ],
            "app_categories": [],
            "app_subcategories": [],
            "apps": [],
            "description": null,
            "dscp": null,
            "failover_policy": "revertable",
            "hostnames": [],
            "id": "e36ea8a3-5451-4621-8c59-44beac33d2cc",
            "max_jitter": null,
            "max_latency": null,
            "max_loss": null,
            "name": "192_168_94_1-UDP_123",
            "org_id": "b3e13549-d254-43d3-b62c-ce121b957327",
            "sle_enabled": false,
            "specs": [
              {
                "port_range": "123-123",
                "protocol": "udp"
              }
            ],
            "ssr_relaxed_tcp_state_enforcement": false,
            "traffic_class": "best_effort",
            "traffic_type": "default",
            "type": "custom",
            "urls": []
          },
          "sensitive_attributes": [],
          "dependencies": [
            "mist_org.terraform_test"
          ]
        }
      ]
    },
    {
      "mode": "managed",
      "type": "mist_org_service",
      "name": "service_122",
      "provider": "provider[\"registry.terraform.io/juniper/mist\"]",
      "instances": [
        {
          "schema_version": 0,
          "attributes": {
            "addresses": [
              "{{iot_net_wired}}.200/32"
            ],
            "app_categories": [],
            "app_subcategories": [],
            "apps": [],
            "description": null,
            "dscp": null,
            "failover_policy": "revertable",
            "hostnames": [],
            "id": "0534afc8-f42c-4ec4-8b38-59187418d376",
            "max_jitter": null,
            "max_latency": null,
            "max_loss": null,
            "name": "192_168_92_200-TCP_8883",
            "org_id": "b3e13549-d254-43d3-b62c-ce121b957327",
            "sle_enabled": false,
            "specs": [
              {
                "port_range": "8883-8883",
                "protocol": "tcp"
              }
            ],
            "ssr_relaxed_tcp_state_enforcement": false,
            "traffic_class": "best_effort",
            "traffic_type": "default",
            "type": "custom",
            "urls": []
          },
          "sensitive_attributes": [],
          "dependencies": [
            "mist_org.terraform_test"
          ]
        }
      ]
    },
    {
      "mode": "managed",
      "type": "mist_org_service",
      "name": "service_123",
      "provider": "provider[\"registry.terraform.io/juniper/mist\"]",
      "instances": [
        {
          "schema_version": 0,
          "attributes": {
            "addresses": [
              "{{iot_net_wired}}.54/32"
            ],
            "app_categories": [],
            "app_subcategories": [],
            "apps": [],
            "description": null,
            "dscp": null,
            "failover_policy": "revertable",
            "hostnames": [],
            "id": "2e1d831c-ecbf-4e78-b239-5ad9ff5e15e7",
            "max_jitter": null,
            "max_latency": null,
            "max_loss": null,
            "name": "192_168_92_54-TCP_44818",
            "org_id": "b3e13549-d254-43d3-b62c-ce121b957327",
            "sle_enabled": false,
            "specs": [
              {
                "port_range": "44818-44818",
                "protocol": "tcp"
              }
            ],
            "ssr_relaxed_tcp_state_enforcement": false,
            "traffic_class": "best_effort",
            "traffic_type": "default",
            "type": "custom",
            "urls": []
          },
          "sensitive_attributes": [],
          "dependencies": [
            "mist_org.terraform_test"
          ]
        }
      ]
    },
    {
      "mode": "managed",
      "type": "mist_org_service",
      "name": "service_124",
      "provider": "provider[\"registry.terraform.io/juniper/mist\"]",
      "instances": [
        {
          "schema_version": 0,
          "attributes": {
            "addresses": [
              "{{branch_ip}}.17/32"
            ],
            "app_categories": [],
            "app_subcategories": [],
            "apps": [],
            "description": null,
            "dscp": null,
            "failover_policy": "revertable",
            "hostnames": [],
            "id": "d8827118-d8dd-4288-bfcc-c5322ed5dc67",
            "max_jitter": null,
            "max_latency": null,
            "max_loss": null,
            "name": "10_X_Y_17-TCP_5173",
            "org_id": "b3e13549-d254-43d3-b62c-ce121b957327",
            "sle_enabled": false,
            "specs": [
              {
                "port_range": "5173-5173",
                "protocol": "tcp"
              }
            ],
            "ssr_relaxed_tcp_state_enforcement": false,
            "traffic_class": "best_effort",
            "traffic_type": "default",
            "type": "custom",
            "urls": []
          },
          "sensitive_attributes": [],
          "dependencies": [
            "mist_org.terraform_test"
          ]
        }
      ]
    },
    {
      "mode": "managed",
      "type": "mist_org_service",
      "name": "service_125",
      "provider": "provider[\"registry.terraform.io/juniper/mist\"]",
      "instances": [
        {
          "schema_version": 0,
          "attributes": {
            "addresses": [
              "{{branch_ip}}.160/27"
            ],
            "app_categories": [],
            "app_subcategories": [],
            "apps": [],
            "description": null,
            "dscp": null,
            "failover_policy": "revertable",
            "hostnames": [],
            "id": "0acac873-7a2e-474a-9f81-b26fa4558ec7",
            "max_jitter": null,
            "max_latency": null,
            "max_loss": null,
            "name": "10_X_Y_160-27-ICMP",
            "org_id": "b3e13549-d254-43d3-b62c-ce121b957327",
            "sle_enabled": false,
            "specs": [
              {
                "port_range": null,
                "protocol": "icmp"
              }
            ],
            "ssr_relaxed_tcp_state_enforcement": false,
            "traffic_class": "best_effort",
            "traffic_type": "default",
            "type": "custom",
            "urls": []
          },
          "sensitive_attributes": [],
          "dependencies": [
            "mist_org.terraform_test"
          ]
        }
      ]
    },
    {
      "mode": "managed",
      "type": "mist_org_service",
      "name": "service_126",
      "provider": "provider[\"registry.terraform.io/juniper/mist\"]",
      "instances": [
        {
          "schema_version": 0,
          "attributes": {
            "addresses": [
              "{{branch_ip}}.161/32"
            ],
            "app_categories": [],
            "app_subcategories": [],
            "apps": [],
            "description": null,
            "dscp": null,
            "failover_policy": "revertable",
            "hostnames": [],
            "id": "a17f7ff9-cc7e-44c1-aaf6-724edccf9964",
            "max_jitter": null,
            "max_latency": null,
            "max_loss": null,
            "name": "10_X_Y_161-UDP_123",
            "org_id": "b3e13549-d254-43d3-b62c-ce121b957327",
            "sle_enabled": false,
            "specs": [
              {
                "port_range": "123-123",
                "protocol": "udp"
              }
            ],
            "ssr_relaxed_tcp_state_enforcement": false,
            "traffic_class": "best_effort",
            "traffic_type": "default",
            "type": "custom",
            "urls": []
          },
          "sensitive_attributes": [],
          "dependencies": [
            "mist_org.terraform_test"
          ]
        }
      ]
    },
    {
      "mode": "managed",
      "type": "mist_org_service",
      "name": "service_127",
      "provider": "provider[\"registry.terraform.io/juniper/mist\"]",
      "instances": [
        {
          "schema_version": 0,
          "attributes": {
            "addresses": [
              "{{branch_ip}}.169/32"
            ],
            "app_categories": [],
            "app_subcategories": [],
            "apps": [],
            "description": null,
            "dscp": null,
            "failover_policy": "revertable",
            "hostnames": [],
            "id": "08391a9a-0785-4cd0-b259-a09ec2a0d3c6",
            "max_jitter": null,
            "max_latency": null,
            "max_loss": null,
            "name": "10_X_Y_169-TCP_225",
            "org_id": "b3e13549-d254-43d3-b62c-ce121b957327",
            "sle_enabled": false,
            "specs": [
              {
                "port_range": "225-225",
                "protocol": "tcp"
              }
            ],
            "ssr_relaxed_tcp_state_enforcement": false,
            "traffic_class": "best_effort",
            "traffic_type": "default",
            "type": "custom",
            "urls": []
          },
          "sensitive_attributes": [],
          "dependencies": [
            "mist_org.terraform_test"
          ]
        }
      ]
    },
    {
      "mode": "managed",
      "type": "mist_org_service",
      "name": "service_128",
      "provider": "provider[\"registry.terraform.io/juniper/mist\"]",
      "instances": [
        {
          "schema_version": 0,
          "attributes": {
            "addresses": [
              "0.0.0.0/0"
            ],
            "app_categories": [],
            "app_subcategories": [],
            "apps": [],
            "description": null,
            "dscp": null,
            "failover_policy": "revertable",
            "hostnames": [],
            "id": "9929322e-d212-4076-939b-9c9c097843cd",
            "max_jitter": null,
            "max_latency": null,
            "max_loss": null,
            "name": "ANY-UDP_123",
            "org_id": "b3e13549-d254-43d3-b62c-ce121b957327",
            "sle_enabled": false,
            "specs": [
              {
                "port_range": "123-123",
                "protocol": "udp"
              }
            ],
            "ssr_relaxed_tcp_state_enforcement": false,
            "traffic_class": "best_effort",
            "traffic_type": "default",
            "type": "custom",
            "urls": []
          },
          "sensitive_attributes": [],
          "dependencies": [
            "mist_org.terraform_test"
          ]
        }
      ]
    },
    {
      "mode": "managed",
      "type": "mist_org_service",
      "name": "service_129",
      "provider": "provider[\"registry.terraform.io/juniper/mist\"]",
      "instances": [
        {
          "schema_version": 0,
          "attributes": {
            "addresses": [
              "{{branch_ip}}.18/32"
            ],
            "app_categories": [],
            "app_subcategories": [],
            "apps": [],
            "description": null,
            "dscp": null,
            "failover_policy": "revertable",
            "hostnames": [],
            "id": "06f0b48f-a8fb-4460-9d20-48206a2a9ed2",
            "max_jitter": null,
            "max_latency": null,
            "max_loss": null,
            "name": "10_X_Y_18-TCP_5173",
            "org_id": "b3e13549-d254-43d3-b62c-ce121b957327",
            "sle_enabled": false,
            "specs": [
              {
                "port_range": "5173-5173",
                "protocol": "tcp"
              }
            ],
            "ssr_relaxed_tcp_state_enforcement": false,
            "traffic_class": "best_effort",
            "traffic_type": "default",
            "type": "custom",
            "urls": []
          },
          "sensitive_attributes": [],
          "dependencies": [
            "mist_org.terraform_test"
          ]
        }
      ]
    },
    {
      "mode": "managed",
      "type": "mist_org_service",
      "name": "service_13",
      "provider": "provider[\"registry.terraform.io/juniper/mist\"]",
      "instances": [
        {
          "schema_version": 0,
          "attributes": {
            "addresses": [
              "{{iot_net_wired_upper}}.0/24"
            ],
            "app_categories": [],
            "app_subcategories": [],
            "apps": [],
            "description": null,
            "dscp": null,
            "failover_policy": "revertable",
            "hostnames": [],
            "id": "08723ca7-4915-4d76-89e6-d724df8b7f21",
            "max_jitter": null,
            "max_latency": null,
            "max_loss": null,
            "name": "192_168_93_0-24-UDP_2222",
            "org_id": "b3e13549-d254-43d3-b62c-ce121b957327",
            "sle_enabled": false,
            "specs": [
              {
                "port_range": "2222-2222",
                "protocol": "udp"
              }
            ],
            "ssr_relaxed_tcp_state_enforcement": false,
            "traffic_class": "best_effort",
            "traffic_type": "default",
            "type": "custom",
            "urls": []
          },
          "sensitive_attributes": [],
          "dependencies": [
            "mist_org.terraform_test"
          ]
        }
      ]
    },
    {
      "mode": "managed",
      "type": "mist_org_service",
      "name": "service_130",
      "provider": "provider[\"registry.terraform.io/juniper/mist\"]",
      "instances": [
        {
          "schema_version": 0,
          "attributes": {
            "addresses": [
              "{{iot_net_wired}}.168/32"
            ],
            "app_categories": [],
            "app_subcategories": [],
            "apps": [],
            "description": null,
            "dscp": null,
            "failover_policy": "revertable",
            "hostnames": [],
            "id": "f646c459-083b-4943-960d-20dd06d699ff",
            "max_jitter": null,
            "max_latency": null,
            "max_loss": null,
            "name": "192_168_92_168-TCP_10002",
            "org_id": "b3e13549-d254-43d3-b62c-ce121b957327",
            "sle_enabled": false,
            "specs": [
              {
                "port_range": "10002-10002",
                "protocol": "tcp"
              }
            ],
            "ssr_relaxed_tcp_state_enforcement": false,
            "traffic_class": "best_effort",
            "traffic_type": "default",
            "type": "custom",
            "urls": []
          },
          "sensitive_attributes": [],
          "dependencies": [
            "mist_org.terraform_test"
          ]
        }
      ]
    },
    {
      "mode": "managed",
      "type": "mist_org_service",
      "name": "service_131",
      "provider": "provider[\"registry.terraform.io/juniper/mist\"]",
      "instances": [
        {
          "schema_version": 0,
          "attributes": {
            "addresses": [
              "10.0.0.0/8"
            ],
            "app_categories": [],
            "app_subcategories": [],
            "apps": [],
            "description": null,
            "dscp": null,
            "failover_policy": "revertable",
            "hostnames": [],
            "id": "8ab8391a-ab44-4ac5-9f3b-ffa70d93ca5b",
            "max_jitter": null,
            "max_latency": null,
            "max_loss": null,
            "name": "10_0_0_0-8-ANY",
            "org_id": "b3e13549-d254-43d3-b62c-ce121b957327",
            "sle_enabled": false,
            "specs": [
              {
                "port_range": null,
                "protocol": "any"
              }
            ],
            "ssr_relaxed_tcp_state_enforcement": false,
            "traffic_class": "best_effort",
            "traffic_type": "default",
            "type": "custom",
            "urls": []
          },
          "sensitive_attributes": [],
          "dependencies": [
            "mist_org.terraform_test"
          ]
        }
      ]
    },
    {
      "mode": "managed",
      "type": "mist_org_service",
      "name": "service_132",
      "provider": "provider[\"registry.terraform.io/juniper/mist\"]",
      "instances": [
        {
          "schema_version": 0,
          "attributes": {
            "addresses": [
              "{{iot_net_wired}}.168/32",
              "{{secondary_iot_wired}}.168/32"
            ],
            "app_categories": [],
            "app_subcategories": [],
            "apps": [],
            "description": null,
            "dscp": null,
            "failover_policy": "revertable",
            "hostnames": [],
            "id": "f3e6a6ec-f68a-42af-8061-884bbcf75607",
            "max_jitter": null,
            "max_latency": null,
            "max_loss": null,
            "name": "192_168_92_168-TCP_1883",
            "org_id": "b3e13549-d254-43d3-b62c-ce121b957327",
            "sle_enabled": false,
            "specs": [
              {
                "port_range": "1883-1883",
                "protocol": "tcp"
              }
            ],
            "ssr_relaxed_tcp_state_enforcement": false,
            "traffic_class": "best_effort",
            "traffic_type": "default",
            "type": "custom",
            "urls": []
          },
          "sensitive_attributes": [],
          "dependencies": [
            "mist_org.terraform_test"
          ]
        }
      ]
    },
    {
      "mode": "managed",
      "type": "mist_org_service",
      "name": "service_133",
      "provider": "provider[\"registry.terraform.io/juniper/mist\"]",
      "instances": [
        {
          "schema_version": 0,
          "attributes": {
            "addresses": [
              "10.118.25.101/32"
            ],
            "app_categories": [],
            "app_subcategories": [],
            "apps": [],
            "description": "TEMPORARY - FOR CAPLAB ONLY",
            "dscp": null,
            "failover_policy": "revertable",
            "hostnames": [],
            "id": "edc7ad1a-cb90-4dd7-9c01-4be21e222a40",
            "max_jitter": null,
            "max_latency": null,
            "max_loss": null,
            "name": "CAPLAB-10_118_25_101-ANY",
            "org_id": "b3e13549-d254-43d3-b62c-ce121b957327",
            "sle_enabled": false,
            "specs": [
              {
                "port_range": null,
                "protocol": "any"
              }
            ],
            "ssr_relaxed_tcp_state_enforcement": false,
            "traffic_class": "best_effort",
            "traffic_type": "default",
            "type": "custom",
            "urls": []
          },
          "sensitive_attributes": [],
          "dependencies": [
            "mist_org.terraform_test"
          ]
        }
      ]
    },
    {
      "mode": "managed",
      "type": "mist_org_service",
      "name": "service_134",
      "provider": "provider[\"registry.terraform.io/juniper/mist\"]",
      "instances": [
        {
          "schema_version": 0,
          "attributes": {
            "addresses": [
              "0.0.0.0/0"
            ],
            "app_categories": [],
            "app_subcategories": [],
            "apps": [],
            "description": null,
            "dscp": null,
            "failover_policy": "revertable",
            "hostnames": [],
            "id": "febfbf74-b39d-4a84-827a-5f88f9f30169",
            "max_jitter": null,
            "max_latency": null,
            "max_loss": null,
            "name": "ICMP_ANY",
            "org_id": "b3e13549-d254-43d3-b62c-ce121b957327",
            "sle_enabled": false,
            "specs": [
              {
                "port_range": null,
                "protocol": "icmp"
              }
            ],
            "ssr_relaxed_tcp_state_enforcement": false,
            "traffic_class": "best_effort",
            "traffic_type": "default",
            "type": "custom",
            "urls": []
          },
          "sensitive_attributes": [],
          "dependencies": [
            "mist_org.terraform_test"
          ]
        }
      ]
    },
    {
      "mode": "managed",
      "type": "mist_org_service",
      "name": "service_135",
      "provider": "provider[\"registry.terraform.io/juniper/mist\"]",
      "instances": [
        {
          "schema_version": 0,
          "attributes": {
            "addresses": [],
            "app_categories": [],
            "app_subcategories": [],
            "apps": [],
            "description": null,
            "dscp": null,
            "failover_policy": "revertable",
            "hostnames": [
              "github.com"
            ],
            "id": "05ba2803-673a-4ab2-80bb-13f23b768bc0",
            "max_jitter": null,
            "max_latency": null,
            "max_loss": null,
            "name": "GitHub_TCP_80_443",
            "org_id": "b3e13549-d254-43d3-b62c-ce121b957327",
            "sle_enabled": false,
            "specs": [
              {
                "port_range": "80-80",
                "protocol": "tcp"
              },
              {
                "port_range": "443-443",
                "protocol": "tcp"
              }
            ],
            "ssr_relaxed_tcp_state_enforcement": false,
            "traffic_class": "best_effort",
            "traffic_type": "default",
            "type": "custom",
            "urls": []
          },
          "sensitive_attributes": [],
          "dependencies": [
            "mist_org.terraform_test"
          ]
        }
      ]
    },
    {
      "mode": "managed",
      "type": "mist_org_service",
      "name": "service_136",
      "provider": "provider[\"registry.terraform.io/juniper/mist\"]",
      "instances": [
        {
          "schema_version": 0,
          "attributes": {
            "addresses": [
              "{{iot_net_wired}}.199/32",
              "{{secondary_iot_wired}}.199/32"
            ],
            "app_categories": [],
            "app_subcategories": [],
            "apps": [],
            "description": null,
            "dscp": null,
            "failover_policy": "revertable",
            "hostnames": [],
            "id": "c8bccb76-2213-4053-9096-fce30f6f6b2e",
            "max_jitter": null,
            "max_latency": null,
            "max_loss": null,
            "name": "192_168_92_199-TCP_1883",
            "org_id": "b3e13549-d254-43d3-b62c-ce121b957327",
            "sle_enabled": false,
            "specs": [
              {
                "port_range": "1883-1883",
                "protocol": "tcp"
              }
            ],
            "ssr_relaxed_tcp_state_enforcement": false,
            "traffic_class": "best_effort",
            "traffic_type": "default",
            "type": "custom",
            "urls": []
          },
          "sensitive_attributes": [],
          "dependencies": [
            "mist_org.terraform_test"
          ]
        }
      ]
    },
    {
      "mode": "managed",
      "type": "mist_org_service",
      "name": "service_137",
      "provider": "provider[\"registry.terraform.io/juniper/mist\"]",
      "instances": [
        {
          "schema_version": 0,
          "attributes": {
            "addresses": [
              "{{branch_ip}}.17/32",
              "{{branch_ip}}.18/32",
              "{{branch_ip}}.25/32"
            ],
            "app_categories": [],
            "app_subcategories": [],
            "apps": [],
            "description": null,
            "dscp": null,
            "failover_policy": "revertable",
            "hostnames": [],
            "id": "525f5948-2b49-496b-9ffb-f25479cb519b",
            "max_jitter": null,
            "max_latency": null,
            "max_loss": null,
            "name": "CORE-TCP-5172",
            "org_id": "b3e13549-d254-43d3-b62c-ce121b957327",
            "sle_enabled": false,
            "specs": [
              {
                "port_range": "5172-5172",
                "protocol": "tcp"
              }
            ],
            "ssr_relaxed_tcp_state_enforcement": false,
            "traffic_class": "best_effort",
            "traffic_type": "default",
            "type": "custom",
            "urls": []
          },
          "sensitive_attributes": [],
          "dependencies": [
            "mist_org.terraform_test"
          ]
        }
      ]
    },
    {
      "mode": "managed",
      "type": "mist_org_service",
      "name": "service_138",
      "provider": "provider[\"registry.terraform.io/juniper/mist\"]",
      "instances": [
        {
          "schema_version": 0,
          "attributes": {
            "addresses": [
              "{{iot_net_wired}}.0/24",
              "{{secondary_iot_wired}}.0/24"
            ],
            "app_categories": [],
            "app_subcategories": [],
            "apps": [],
            "description": null,
            "dscp": null,
            "failover_policy": "revertable",
            "hostnames": [],
            "id": "df5ed0fd-b151-46ae-8088-97b7e576204b",
            "max_jitter": null,
            "max_latency": null,
            "max_loss": null,
            "name": "192_168_92_0-24-TCP_1883",
            "org_id": "b3e13549-d254-43d3-b62c-ce121b957327",
            "sle_enabled": false,
            "specs": [
              {
                "port_range": "1883-1883",
                "protocol": "tcp"
              }
            ],
            "ssr_relaxed_tcp_state_enforcement": false,
            "traffic_class": "best_effort",
            "traffic_type": "default",
            "type": "custom",
            "urls": []
          },
          "sensitive_attributes": [],
          "dependencies": [
            "mist_org.terraform_test"
          ]
        }
      ]
    },
    {
      "mode": "managed",
      "type": "mist_org_service",
      "name": "service_139",
      "provider": "provider[\"registry.terraform.io/juniper/mist\"]",
      "instances": [
        {
          "schema_version": 0,
          "attributes": {
            "addresses": [
              "208.67.220.220/32",
              "208.67.222.222/32",
              "8.8.8.8/32",
              "1.1.1.1/32"
            ],
            "app_categories": [],
            "app_subcategories": [],
            "apps": [],
            "description": null,
            "dscp": null,
            "failover_policy": "revertable",
            "hostnames": [],
            "id": "039165df-c63b-45d4-8d5f-961a0063b738",
            "max_jitter": null,
            "max_latency": null,
            "max_loss": null,
            "name": "MANAGEMENT_VLAN430_DNS",
            "org_id": "b3e13549-d254-43d3-b62c-ce121b957327",
            "sle_enabled": false,
            "specs": [
              {
                "port_range": "53-53",
                "protocol": "tcp"
              },
              {
                "port_range": "53-53",
                "protocol": "udp"
              }
            ],
            "ssr_relaxed_tcp_state_enforcement": false,
            "traffic_class": "best_effort",
            "traffic_type": "default",
            "type": "custom",
            "urls": []
          },
          "sensitive_attributes": [],
          "dependencies": [
            "mist_org.terraform_test"
          ]
        }
      ]
    },
    {
      "mode": "managed",
      "type": "mist_org_service",
      "name": "service_14",
      "provider": "provider[\"registry.terraform.io/juniper/mist\"]",
      "instances": [
        {
          "schema_version": 0,
          "attributes": {
            "addresses": [
              "{{iot_net_wired_upper}}.0/24"
            ],
            "app_categories": [],
            "app_subcategories": [],
            "apps": [],
            "description": null,
            "dscp": null,
            "failover_policy": "revertable",
            "hostnames": [],
            "id": "77ad660e-4793-4b2c-8df7-e931e967e3ab",
            "max_jitter": null,
            "max_latency": null,
            "max_loss": null,
            "name": "192_168_93_0-24-TCP_443",
            "org_id": "b3e13549-d254-43d3-b62c-ce121b957327",
            "sle_enabled": false,
            "specs": [
              {
                "port_range": "443-443",
                "protocol": "tcp"
              }
            ],
            "ssr_relaxed_tcp_state_enforcement": false,
            "traffic_class": "best_effort",
            "traffic_type": "default",
            "type": "custom",
            "urls": []
          },
          "sensitive_attributes": [],
          "dependencies": [
            "mist_org.terraform_test"
          ]
        }
      ]
    },
    {
      "mode": "managed",
      "type": "mist_org_service",
      "name": "service_140",
      "provider": "provider[\"registry.terraform.io/juniper/mist\"]",
      "instances": [
        {
          "schema_version": 0,
          "attributes": {
            "addresses": [
              "{{iot_net_wired}}.200/32",
              "{{secondary_iot_wired}}.200/32"
            ],
            "app_categories": [],
            "app_subcategories": [],
            "apps": [],
            "description": null,
            "dscp": null,
            "failover_policy": "revertable",
            "hostnames": [],
            "id": "d29f9757-2872-40a2-9adf-e0822b7e724d",
            "max_jitter": null,
            "max_latency": null,
            "max_loss": null,
            "name": "192_168_92_200-TCP_1883",
            "org_id": "b3e13549-d254-43d3-b62c-ce121b957327",
            "sle_enabled": false,
            "specs": [
              {
                "port_range": "1883-1883",
                "protocol": "tcp"
              }
            ],
            "ssr_relaxed_tcp_state_enforcement": false,
            "traffic_class": "best_effort",
            "traffic_type": "default",
            "type": "custom",
            "urls": []
          },
          "sensitive_attributes": [],
          "dependencies": [
            "mist_org.terraform_test"
          ]
        }
      ]
    },
    {
      "mode": "managed",
      "type": "mist_org_service",
      "name": "service_141",
      "provider": "provider[\"registry.terraform.io/juniper/mist\"]",
      "instances": [
        {
          "schema_version": 0,
          "attributes": {
            "addresses": [
              "{{iot_net_wired}}.160/32",
              "{{iot_net_wired}}.165/32",
              "{{iot_net_wired}}.166/32",
              "{{iot_net_wired}}.169/32"
            ],
            "app_categories": [],
            "app_subcategories": [],
            "apps": [],
            "description": null,
            "dscp": null,
            "failover_policy": "revertable",
            "hostnames": [],
            "id": "85f3cede-54f3-40f3-ac57-9807145869c9",
            "max_jitter": null,
            "max_latency": null,
            "max_loss": null,
            "name": "Gr_92-160_165_166_169-TCP_80",
            "org_id": "b3e13549-d254-43d3-b62c-ce121b957327",
            "sle_enabled": false,
            "specs": [
              {
                "port_range": "80-80",
                "protocol": "tcp"
              }
            ],
            "ssr_relaxed_tcp_state_enforcement": false,
            "traffic_class": "best_effort",
            "traffic_type": "default",
            "type": "custom",
            "urls": []
          },
          "sensitive_attributes": [],
          "dependencies": [
            "mist_org.terraform_test"
          ]
        }
      ]
    },
    {
      "mode": "managed",
      "type": "mist_org_service",
      "name": "service_142",
      "provider": "provider[\"registry.terraform.io/juniper/mist\"]",
      "instances": [
        {
          "schema_version": 0,
          "attributes": {
            "addresses": [
              "40.122.111.34/32",
              "40.91.202.159/32"
            ],
            "app_categories": [],
            "app_subcategories": [],
            "apps": [],
            "description": null,
            "dscp": null,
            "failover_policy": "revertable",
            "hostnames": [
              "gas.mcd.com"
            ],
            "id": "fce22605-abf1-40ba-9610-7692ff64bd89",
            "max_jitter": null,
            "max_latency": null,
            "max_loss": null,
            "name": "GAS_MCD_HTTP_HTTPS",
            "org_id": "b3e13549-d254-43d3-b62c-ce121b957327",
            "sle_enabled": false,
            "specs": [
              {
                "port_range": "80-80",
                "protocol": "tcp"
              },
              {
                "port_range": "443-443",
                "protocol": "tcp"
              }
            ],
            "ssr_relaxed_tcp_state_enforcement": false,
            "traffic_class": "best_effort",
            "traffic_type": "default",
            "type": "custom",
            "urls": []
          },
          "sensitive_attributes": [],
          "dependencies": [
            "mist_org.terraform_test"
          ]
        }
      ]
    },
    {
      "mode": "managed",
      "type": "mist_org_service",
      "name": "service_143",
      "provider": "provider[\"registry.terraform.io/juniper/mist\"]",
      "instances": [
        {
          "schema_version": 0,
          "attributes": {
            "addresses": [
              "{{branch_ip}}.17/32",
              "{{branch_ip}}.18/32",
              "{{branch_ip}}.25/32"
            ],
            "app_categories": [],
            "app_subcategories": [],
            "apps": [],
            "description": null,
            "dscp": null,
            "failover_policy": "revertable",
            "hostnames": [],
            "id": "fadad9fe-36e3-4539-b71f-a16b43888afd",
            "max_jitter": null,
            "max_latency": null,
            "max_loss": null,
            "name": "CORE-TCP-5173",
            "org_id": "b3e13549-d254-43d3-b62c-ce121b957327",
            "sle_enabled": false,
            "specs": [
              {
                "port_range": "5173-5173",
                "protocol": "tcp"
              }
            ],
            "ssr_relaxed_tcp_state_enforcement": false,
            "traffic_class": "best_effort",
            "traffic_type": "default",
            "type": "custom",
            "urls": []
          },
          "sensitive_attributes": [],
          "dependencies": [
            "mist_org.terraform_test"
          ]
        }
      ]
    },
    {
      "mode": "managed",
      "type": "mist_org_service",
      "name": "service_144",
      "provider": "provider[\"registry.terraform.io/juniper/mist\"]",
      "instances": [
        {
          "schema_version": 0,
          "attributes": {
            "addresses": [
              "{{iot_net_wired}}.200/32",
              "{{iot_net_wired}}.199/32",
              "{{iot_net_wired}}.198/32"
            ],
            "app_categories": [],
            "app_subcategories": [],
            "apps": [],
            "description": null,
            "dscp": null,
            "failover_policy": "revertable",
            "hostnames": [],
            "id": "79f6709f-2694-4e0f-b22e-f54d5b0c720b",
            "max_jitter": null,
            "max_latency": null,
            "max_loss": null,
            "name": "Gr2_IoT_Wired",
            "org_id": "b3e13549-d254-43d3-b62c-ce121b957327",
            "sle_enabled": false,
            "specs": [
              {
                "port_range": "8883-8883",
                "protocol": "tcp"
              },
              {
                "port_range": "1883-1883",
                "protocol": "tcp"
              },
              {
                "port_range": "443-443",
                "protocol": "tcp"
              },
              {
                "port_range": "22-22",
                "protocol": "tcp"
              }
            ],
            "ssr_relaxed_tcp_state_enforcement": false,
            "traffic_class": "best_effort",
            "traffic_type": "default",
            "type": "custom",
            "urls": []
          },
          "sensitive_attributes": [],
          "dependencies": [
            "mist_org.terraform_test"
          ]
        }
      ]
    },
    {
      "mode": "managed",
      "type": "mist_org_service",
      "name": "service_145",
      "provider": "provider[\"registry.terraform.io/juniper/mist\"]",
      "instances": [
        {
          "schema_version": 0,
          "attributes": {
            "addresses": [
              "0.0.0.0/0"
            ],
            "app_categories": [],
            "app_subcategories": [],
            "apps": [],
            "description": null,
            "dscp": null,
            "failover_policy": "revertable",
            "hostnames": [],
            "id": "cb761817-e5a5-40ad-8ffc-1f190de62f4b",
            "max_jitter": null,
            "max_latency": null,
            "max_loss": null,
            "name": "TCP_80_443",
            "org_id": "b3e13549-d254-43d3-b62c-ce121b957327",
            "sle_enabled": false,
            "specs": [
              {
                "port_range": "80-80",
                "protocol": "tcp"
              },
              {
                "port_range": "443-443",
                "protocol": "tcp"
              }
            ],
            "ssr_relaxed_tcp_state_enforcement": false,
            "traffic_class": "best_effort",
            "traffic_type": "default",
            "type": "custom",
            "urls": []
          },
          "sensitive_attributes": [],
          "dependencies": [
            "mist_org.terraform_test"
          ]
        }
      ]
    },
    {
      "mode": "managed",
      "type": "mist_org_service",
      "name": "service_146",
      "provider": "provider[\"registry.terraform.io/juniper/mist\"]",
      "instances": [
        {
          "schema_version": 0,
          "attributes": {
            "addresses": [
              "{{iot_net_wired}}.160/32",
              "{{iot_net_wired}}.165/32",
              "{{iot_net_wired}}.166/32",
              "{{iot_net_wired}}.169/32"
            ],
            "app_categories": [],
            "app_subcategories": [],
            "apps": [],
            "description": null,
            "dscp": null,
            "failover_policy": "revertable",
            "hostnames": [],
            "id": "35b046c1-2042-4339-bf8c-23960d252a31",
            "max_jitter": null,
            "max_latency": null,
            "max_loss": null,
            "name": "Gr_224-192_168_92-TCP_80",
            "org_id": "b3e13549-d254-43d3-b62c-ce121b957327",
            "sle_enabled": false,
            "specs": [
              {
                "port_range": "80-80",
                "protocol": "tcp"
              }
            ],
            "ssr_relaxed_tcp_state_enforcement": false,
            "traffic_class": "best_effort",
            "traffic_type": "default",
            "type": "custom",
            "urls": []
          },
          "sensitive_attributes": [],
          "dependencies": [
            "mist_org.terraform_test"
          ]
        }
      ]
    },
    {
      "mode": "managed",
      "type": "mist_org_service",
      "name": "service_147",
      "provider": "provider[\"registry.terraform.io/juniper/mist\"]",
      "instances": [
        {
          "schema_version": 0,
          "attributes": {
            "addresses": [
              "{{iot_net_wired}}.192/26",
              "{{iot_net_wired}}.180/32",
              "{{iot_net_wired}}.181/32",
              "{{iot_net_wired}}.182/32",
              "{{iot_net_wired}}.183/32",
              "{{iot_net_wired}}.184/32",
              "{{iot_net_wired}}.185/32",
              "{{iot_net_wired}}.186/32",
              "{{iot_net_wired}}.187/32",
              "{{iot_net_wired}}.188/32",
              "{{iot_net_wired}}.189/32",
              "{{iot_net_wired}}.190/32",
              "{{iot_net_wired}}.191/32",
              "{{secondary_iot_wired}}.192/26",
              "{{secondary_iot_wired}}.180/32",
              "{{secondary_iot_wired}}.181/32",
              "{{secondary_iot_wired}}.182/32",
              "{{secondary_iot_wired}}.183/32",
              "{{secondary_iot_wired}}.184/32",
              "{{secondary_iot_wired}}.185/32",
              "{{secondary_iot_wired}}.186/32",
              "{{secondary_iot_wired}}.187/32",
              "{{secondary_iot_wired}}.188/32",
              "{{secondary_iot_wired}}.189/32",
              "{{secondary_iot_wired}}.190/32",
              "{{secondary_iot_wired}}.191/32"
            ],
            "app_categories": [],
            "app_subcategories": [],
            "apps": [],
            "description": null,
            "dscp": null,
            "failover_policy": "revertable",
            "hostnames": [],
            "id": "9da939c8-dca7-4230-a8ba-ceca0c2668b7",
            "max_jitter": null,
            "max_latency": null,
            "max_loss": null,
            "name": "192_168_92_192-26-TCP_22500",
            "org_id": "b3e13549-d254-43d3-b62c-ce121b957327",
            "sle_enabled": false,
            "specs": [
              {
                "port_range": "22500-22500",
                "protocol": "tcp"
              }
            ],
            "ssr_relaxed_tcp_state_enforcement": false,
            "traffic_class": "best_effort",
            "traffic_type": "default",
            "type": "custom",
            "urls": []
          },
          "sensitive_attributes": [],
          "dependencies": [
            "mist_org.terraform_test"
          ]
        }
      ]
    },
    {
      "mode": "managed",
      "type": "mist_org_service",
      "name": "service_148",
      "provider": "provider[\"registry.terraform.io/juniper/mist\"]",
      "instances": [
        {
          "schema_version": 0,
          "attributes": {
            "addresses": [
              "{{branch_ip}}.62/32",
              "{{branch_ip}}.129/32",
              "{{branch_ip}}.161/32",
              "{{branch_ip}}.225/32"
            ],
            "app_categories": [],
            "app_subcategories": [],
            "apps": [],
            "description": null,
            "dscp": null,
            "failover_policy": "revertable",
            "hostnames": [],
            "id": "4fe8e27f-e4d1-473a-a9bf-a732aedef03d",
            "max_jitter": null,
            "max_latency": null,
            "max_loss": null,
            "name": "Gr-10_X_Y-UDP_53",
            "org_id": "b3e13549-d254-43d3-b62c-ce121b957327",
            "sle_enabled": false,
            "specs": [
              {
                "port_range": "53-53",
                "protocol": "udp"
              }
            ],
            "ssr_relaxed_tcp_state_enforcement": false,
            "traffic_class": "best_effort",
            "traffic_type": "default",
            "type": "custom",
            "urls": []
          },
          "sensitive_attributes": [],
          "dependencies": [
            "mist_org.terraform_test"
          ]
        }
      ]
    },
    {
      "mode": "managed",
      "type": "mist_org_service",
      "name": "service_149",
      "provider": "provider[\"registry.terraform.io/juniper/mist\"]",
      "instances": [
        {
          "schema_version": 0,
          "attributes": {
            "addresses": [
              "0.0.0.0/0"
            ],
            "app_categories": [],
            "app_subcategories": [],
            "apps": [],
            "description": null,
            "dscp": null,
            "failover_policy": "revertable",
            "hostnames": [],
            "id": "a8138c39-5bc9-452c-b6e4-9956fdb79aee",
            "max_jitter": null,
            "max_latency": null,
            "max_loss": null,
            "name": "ANY-UDP_53",
            "org_id": "b3e13549-d254-43d3-b62c-ce121b957327",
            "sle_enabled": false,
            "specs": [
              {
                "port_range": "53-53",
                "protocol": "udp"
              },
              {
                "port_range": "53-53",
                "protocol": "tcp"
              }
            ],
            "ssr_relaxed_tcp_state_enforcement": false,
            "traffic_class": "best_effort",
            "traffic_type": "default",
            "type": "custom",
            "urls": []
          },
          "sensitive_attributes": [],
          "dependencies": [
            "mist_org.terraform_test"
          ]
        }
      ]
    },
    {
      "mode": "managed",
      "type": "mist_org_service",
      "name": "service_15",
      "provider": "provider[\"registry.terraform.io/juniper/mist\"]",
      "instances": [
        {
          "schema_version": 0,
          "attributes": {
            "addresses": [
              "{{iot_net_wired}}.126/32"
            ],
            "app_categories": [],
            "app_subcategories": [],
            "apps": [],
            "description": null,
            "dscp": null,
            "failover_policy": "revertable",
            "hostnames": [],
            "id": "c6a72b04-10bc-4d4c-b5de-3e94488371d3",
            "max_jitter": null,
            "max_latency": null,
            "max_loss": null,
            "name": "192_168_92_1-UDP_123",
            "org_id": "b3e13549-d254-43d3-b62c-ce121b957327",
            "sle_enabled": false,
            "specs": [
              {
                "port_range": "123-123",
                "protocol": "udp"
              }
            ],
            "ssr_relaxed_tcp_state_enforcement": false,
            "traffic_class": "best_effort",
            "traffic_type": "default",
            "type": "custom",
            "urls": []
          },
          "sensitive_attributes": [],
          "dependencies": [
            "mist_org.terraform_test"
          ]
        }
      ]
    },
    {
      "mode": "managed",
      "type": "mist_org_service",
      "name": "service_16",
      "provider": "provider[\"registry.terraform.io/juniper/mist\"]",
      "instances": [
        {
          "schema_version": 0,
          "attributes": {
            "addresses": [
              "{{iot_net_wired}}.168/32"
            ],
            "app_categories": [],
            "app_subcategories": [],
            "apps": [],
            "description": null,
            "dscp": null,
            "failover_policy": "revertable",
            "hostnames": [],
            "id": "ff2d48a7-f53e-4460-a68b-ba7e06ab7344",
            "max_jitter": null,
            "max_latency": null,
            "max_loss": null,
            "name": "192_168_92_168-TCP_10000",
            "org_id": "b3e13549-d254-43d3-b62c-ce121b957327",
            "sle_enabled": false,
            "specs": [
              {
                "port_range": "10000-10000",
                "protocol": "tcp"
              }
            ],
            "ssr_relaxed_tcp_state_enforcement": false,
            "traffic_class": "best_effort",
            "traffic_type": "default",
            "type": "custom",
            "urls": []
          },
          "sensitive_attributes": [],
          "dependencies": [
            "mist_org.terraform_test"
          ]
        }
      ]
    },
    {
      "mode": "managed",
      "type": "mist_org_service",
      "name": "service_17",
      "provider": "provider[\"registry.terraform.io/juniper/mist\"]",
      "instances": [
        {
          "schema_version": 0,
          "attributes": {
            "addresses": [
              "{{branch_ip}}.160/27"
            ],
            "app_categories": [],
            "app_subcategories": [],
            "apps": [],
            "description": null,
            "dscp": null,
            "failover_policy": "revertable",
            "hostnames": [],
            "id": "4ba8252c-cba9-4dc6-a839-9d8bb948ffac",
            "max_jitter": null,
            "max_latency": null,
            "max_loss": null,
            "name": "10_X_Y_160-27-TCP_22500",
            "org_id": "b3e13549-d254-43d3-b62c-ce121b957327",
            "sle_enabled": false,
            "specs": [
              {
                "port_range": "22500-22500",
                "protocol": "tcp"
              }
            ],
            "ssr_relaxed_tcp_state_enforcement": false,
            "traffic_class": "best_effort",
            "traffic_type": "default",
            "type": "custom",
            "urls": []
          },
          "sensitive_attributes": [],
          "dependencies": [
            "mist_org.terraform_test"
          ]
        }
      ]
    },
    {
      "mode": "managed",
      "type": "mist_org_service",
      "name": "service_18",
      "provider": "provider[\"registry.terraform.io/juniper/mist\"]",
      "instances": [
        {
          "schema_version": 0,
          "attributes": {
            "addresses": [
              "{{iot_net_wired}}.0/24"
            ],
            "app_categories": [],
            "app_subcategories": [],
            "apps": [],
            "description": null,
            "dscp": null,
            "failover_policy": "revertable",
            "hostnames": [],
            "id": "5e23c8a8-4feb-42ba-be12-3079f68db77a",
            "max_jitter": null,
            "max_latency": null,
            "max_loss": null,
            "name": "192_168_92_0-24-TCP_44818",
            "org_id": "b3e13549-d254-43d3-b62c-ce121b957327",
            "sle_enabled": false,
            "specs": [
              {
                "port_range": "44818-44818",
                "protocol": "tcp"
              }
            ],
            "ssr_relaxed_tcp_state_enforcement": false,
            "traffic_class": "best_effort",
            "traffic_type": "default",
            "type": "custom",
            "urls": []
          },
          "sensitive_attributes": [],
          "dependencies": [
            "mist_org.terraform_test"
          ]
        }
      ]
    },
    {
      "mode": "managed",
      "type": "mist_org_service",
      "name": "service_19",
      "provider": "provider[\"registry.terraform.io/juniper/mist\"]",
      "instances": [
        {
          "schema_version": 0,
          "attributes": {
            "addresses": [
              "{{iot_net_wired}}.0/24"
            ],
            "app_categories": [],
            "app_subcategories": [],
            "apps": [],
            "description": null,
            "dscp": null,
            "failover_policy": "revertable",
            "hostnames": [],
            "id": "0559e464-582a-467f-a897-943dafc3ac3c",
            "max_jitter": null,
            "max_latency": null,
            "max_loss": null,
            "name": "192_168_92_0-24-TCP_8883",
            "org_id": "b3e13549-d254-43d3-b62c-ce121b957327",
            "sle_enabled": false,
            "specs": [
              {
                "port_range": "8883-8883",
                "protocol": "tcp"
              }
            ],
            "ssr_relaxed_tcp_state_enforcement": false,
            "traffic_class": "best_effort",
            "traffic_type": "default",
            "type": "custom",
            "urls": []
          },
          "sensitive_attributes": [],
          "dependencies": [
            "mist_org.terraform_test"
          ]
        }
      ]
    },
    {
      "mode": "managed",
      "type": "mist_org_service",
      "name": "service_2",
      "provider": "provider[\"registry.terraform.io/juniper/mist\"]",
      "instances": [
        {
          "schema_version": 0,
          "attributes": {
            "addresses": [],
            "app_categories": [],
            "app_subcategories": [],
            "apps": [
              "speedtest"
            ],
            "description": "to demonstrate traffic shaping",
            "dscp": null,
            "failover_policy": "revertable",
            "hostnames": [],
            "id": "f5e367fc-b9d2-4017-9488-6530e7aa2eac",
            "max_jitter": null,
            "max_latency": null,
            "max_loss": null,
            "name": "XX-Speedtest-classification",
            "org_id": "b3e13549-d254-43d3-b62c-ce121b957327",
            "sle_enabled": false,
            "specs": null,
            "ssr_relaxed_tcp_state_enforcement": false,
            "traffic_class": "best_effort",
            "traffic_type": "voip_audio",
            "type": "apps",
            "urls": []
          },
          "sensitive_attributes": [],
          "dependencies": [
            "mist_org.terraform_test"
          ]
        }
      ]
    },
    {
      "mode": "managed",
      "type": "mist_org_service",
      "name": "service_20",
      "provider": "provider[\"registry.terraform.io/juniper/mist\"]",
      "instances": [
        {
          "schema_version": 0,
          "attributes": {
            "addresses": [
              "{{iot_net_wired_upper}}.0/24"
            ],
            "app_categories": [],
            "app_subcategories": [],
            "apps": [],
            "description": null,
            "dscp": null,
            "failover_policy": "revertable",
            "hostnames": [],
            "id": "1c0653d3-44c5-4921-9a42-cf7d9a2fa63f",
            "max_jitter": null,
            "max_latency": null,
            "max_loss": null,
            "name": "192_168_93_0-24-TCP_1883",
            "org_id": "b3e13549-d254-43d3-b62c-ce121b957327",
            "sle_enabled": false,
            "specs": [
              {
                "port_range": "1883-1883",
                "protocol": "tcp"
              }
            ],
            "ssr_relaxed_tcp_state_enforcement": false,
            "traffic_class": "best_effort",
            "traffic_type": "default",
            "type": "custom",
            "urls": []
          },
          "sensitive_attributes": [],
          "dependencies": [
            "mist_org.terraform_test"
          ]
        }
      ]
    },
    {
      "mode": "managed",
      "type": "mist_org_service",
      "name": "service_21",
      "provider": "provider[\"registry.terraform.io/juniper/mist\"]",
      "instances": [
        {
          "schema_version": 0,
          "attributes": {
            "addresses": [
              "0.0.0.0/0"
            ],
            "app_categories": [],
            "app_subcategories": [],
            "apps": [],
            "description": null,
            "dscp": null,
            "failover_policy": "revertable",
            "hostnames": [],
            "id": "48fe6318-def0-446d-905f-72283ce2ae04",
            "max_jitter": null,
            "max_latency": null,
            "max_loss": null,
            "name": "ANY-UDP_65535",
            "org_id": "b3e13549-d254-43d3-b62c-ce121b957327",
            "sle_enabled": false,
            "specs": [
              {
                "port_range": "65535-65535",
                "protocol": "udp"
              }
            ],
            "ssr_relaxed_tcp_state_enforcement": false,
            "traffic_class": "best_effort",
            "traffic_type": "default",
            "type": "custom",
            "urls": []
          },
          "sensitive_attributes": [],
          "dependencies": [
            "mist_org.terraform_test"
          ]
        }
      ]
    },
    {
      "mode": "managed",
      "type": "mist_org_service",
      "name": "service_22",
      "provider": "provider[\"registry.terraform.io/juniper/mist\"]",
      "instances": [
        {
          "schema_version": 0,
          "attributes": {
            "addresses": [
              "{{branch_ip}}.160/27"
            ],
            "app_categories": [],
            "app_subcategories": [],
            "apps": [],
            "description": null,
            "dscp": null,
            "failover_policy": "revertable",
            "hostnames": [],
            "id": "9504ffb2-8ee8-415e-b84c-ea68feb60d02",
            "max_jitter": null,
            "max_latency": null,
            "max_loss": null,
            "name": "10_X_Y_160-27-TCP_225",
            "org_id": "b3e13549-d254-43d3-b62c-ce121b957327",
            "sle_enabled": false,
            "specs": [
              {
                "port_range": "225-225",
                "protocol": "tcp"
              }
            ],
            "ssr_relaxed_tcp_state_enforcement": false,
            "traffic_class": "best_effort",
            "traffic_type": "default",
            "type": "custom",
            "urls": []
          },
          "sensitive_attributes": [],
          "dependencies": [
            "mist_org.terraform_test"
          ]
        }
      ]
    },
    {
      "mode": "managed",
      "type": "mist_org_service",
      "name": "service_23",
      "provider": "provider[\"registry.terraform.io/juniper/mist\"]",
      "instances": [
        {
          "schema_version": 0,
          "attributes": {
            "addresses": [],
            "app_categories": [
              "Adult"
            ],
            "app_subcategories": [],
            "apps": [],
            "description": "Block the following categories Enhanced_Adult_Material Enhanced_Nudity Enhanced_Adult_Content Enhanced_Sex Enhanced_Sex_Education Enhanced_Lingerie_and_Swimsuit",
            "dscp": null,
            "failover_policy": "revertable",
            "hostnames": [],
            "id": "fe4cd1cb-dff5-4ecf-958b-cb41f56736e9",
            "max_jitter": null,
            "max_latency": null,
            "max_loss": null,
            "name": "public_url_block",
            "org_id": "b3e13549-d254-43d3-b62c-ce121b957327",
            "sle_enabled": false,
            "specs": null,
            "ssr_relaxed_tcp_state_enforcement": false,
            "traffic_class": "best_effort",
            "traffic_type": "default",
            "type": "app_categories",
            "urls": []
          },
          "sensitive_attributes": [],
          "dependencies": [
            "mist_org.terraform_test"
          ]
        }
      ]
    },
    {
      "mode": "managed",
      "type": "mist_org_service",
      "name": "service_24",
      "provider": "provider[\"registry.terraform.io/juniper/mist\"]",
      "instances": [
        {
          "schema_version": 0,
          "attributes": {
            "addresses": [
              "{{branch_ip}}.129/32"
            ],
            "app_categories": [],
            "app_subcategories": [],
            "apps": [],
            "description": null,
            "dscp": null,
            "failover_policy": "revertable",
            "hostnames": [],
            "id": "90b0644f-5e82-4c02-862f-6a91834b0e75",
            "max_jitter": null,
            "max_latency": null,
            "max_loss": null,
            "name": "10_X_Y_129-UDP_123",
            "org_id": "b3e13549-d254-43d3-b62c-ce121b957327",
            "sle_enabled": false,
            "specs": [
              {
                "port_range": "123-123",
                "protocol": "udp"
              }
            ],
            "ssr_relaxed_tcp_state_enforcement": false,
            "traffic_class": "best_effort",
            "traffic_type": "default",
            "type": "custom",
            "urls": []
          },
          "sensitive_attributes": [],
          "dependencies": [
            "mist_org.terraform_test"
          ]
        }
      ]
    },
    {
      "mode": "managed",
      "type": "mist_org_service",
      "name": "service_25",
      "provider": "provider[\"registry.terraform.io/juniper/mist\"]",
      "instances": [
        {
          "schema_version": 0,
          "attributes": {
            "addresses": [
              "{{iot_net_wired_upper}}.0/24"
            ],
            "app_categories": [],
            "app_subcategories": [],
            "apps": [],
            "description": null,
            "dscp": null,
            "failover_policy": "revertable",
            "hostnames": [],
            "id": "ec52f141-2e5c-4cb0-91da-d2f605636484",
            "max_jitter": null,
            "max_latency": null,
            "max_loss": null,
            "name": "192_168_93_0-24-TCP_23",
            "org_id": "b3e13549-d254-43d3-b62c-ce121b957327",
            "sle_enabled": false,
            "specs": [
              {
                "port_range": "23-23",
                "protocol": "tcp"
              }
            ],
            "ssr_relaxed_tcp_state_enforcement": false,
            "traffic_class": "best_effort",
            "traffic_type": "default",
            "type": "custom",
            "urls": []
          },
          "sensitive_attributes": [],
          "dependencies": [
            "mist_org.terraform_test"
          ]
        }
      ]
    },
    {
      "mode": "managed",
      "type": "mist_org_service",
      "name": "service_26",
      "provider": "provider[\"registry.terraform.io/juniper/mist\"]",
      "instances": [
        {
          "schema_version": 0,
          "attributes": {
            "addresses": [
              "{{VLAN430}}.160/27"
            ],
            "app_categories": [],
            "app_subcategories": [],
            "apps": [],
            "description": null,
            "dscp": null,
            "failover_policy": "revertable",
            "hostnames": [],
            "id": "ca969290-59e6-4f15-b944-15298cd3b457",
            "max_jitter": null,
            "max_latency": null,
            "max_loss": null,
            "name": "MANAGEMENT_VLAN430",
            "org_id": "b3e13549-d254-43d3-b62c-ce121b957327",
            "sle_enabled": false,
            "specs": [
              {
                "port_range": null,
                "protocol": "any"
              }
            ],
            "ssr_relaxed_tcp_state_enforcement": false,
            "traffic_class": "best_effort",
            "traffic_type": "default",
            "type": "custom",
            "urls": []
          },
          "sensitive_attributes": [],
          "dependencies": [
            "mist_org.terraform_test"
          ]
        }
      ]
    },
    {
      "mode": "managed",
      "type": "mist_org_service",
      "name": "service_27",
      "provider": "provider[\"registry.terraform.io/juniper/mist\"]",
      "instances": [
        {
          "schema_version": 0,
          "attributes": {
            "addresses": [
              "{{branch_ip}}.17/32"
            ],
            "app_categories": [],
            "app_subcategories": [],
            "apps": [],
            "description": null,
            "dscp": null,
            "failover_policy": "revertable",
            "hostnames": [],
            "id": "8cc4bd81-84da-4157-8088-f486c2732c29",
            "max_jitter": null,
            "max_latency": null,
            "max_loss": null,
            "name": "10_X_Y_17-TCP_5172",
            "org_id": "b3e13549-d254-43d3-b62c-ce121b957327",
            "sle_enabled": false,
            "specs": [
              {
                "port_range": "5172-5172",
                "protocol": "tcp"
              }
            ],
            "ssr_relaxed_tcp_state_enforcement": false,
            "traffic_class": "best_effort",
            "traffic_type": "default",
            "type": "custom",
            "urls": []
          },
          "sensitive_attributes": [],
          "dependencies": [
            "mist_org.terraform_test"
          ]
        }
      ]
    },
    {
      "mode": "managed",
      "type": "mist_org_service",
      "name": "service_28",
      "provider": "provider[\"registry.terraform.io/juniper/mist\"]",
      "instances": [
        {
          "schema_version": 0,
          "attributes": {
            "addresses": [
              "{{branch_ip}}.160/27"
            ],
            "app_categories": [],
            "app_subcategories": [],
            "apps": [],
            "description": null,
            "dscp": null,
            "failover_policy": "revertable",
            "hostnames": [],
            "id": "8bb11c7b-e632-4a29-9747-81e76412c16c",
            "max_jitter": null,
            "max_latency": null,
            "max_loss": null,
            "name": "10_X_Y_160-27-TCP_22600",
            "org_id": "b3e13549-d254-43d3-b62c-ce121b957327",
            "sle_enabled": false,
            "specs": [
              {
                "port_range": "22600-22600",
                "protocol": "tcp"
              }
            ],
            "ssr_relaxed_tcp_state_enforcement": false,
            "traffic_class": "best_effort",
            "traffic_type": "default",
            "type": "custom",
            "urls": []
          },
          "sensitive_attributes": [],
          "dependencies": [
            "mist_org.terraform_test"
          ]
        }
      ]
    },
    {
      "mode": "managed",
      "type": "mist_org_service",
      "name": "service_29",
      "provider": "provider[\"registry.terraform.io/juniper/mist\"]",
      "instances": [
        {
          "schema_version": 0,
          "attributes": {
            "addresses": [
              "0.0.0.0/0"
            ],
            "app_categories": [],
            "app_subcategories": [],
            "apps": [],
            "description": null,
            "dscp": null,
            "failover_policy": "revertable",
            "hostnames": [],
            "id": "aa628536-38ea-44cf-a041-7d017565cbcd",
            "max_jitter": null,
            "max_latency": null,
            "max_loss": null,
            "name": "ANY-TCP_443",
            "org_id": "b3e13549-d254-43d3-b62c-ce121b957327",
            "sle_enabled": false,
            "specs": [
              {
                "port_range": "443-443",
                "protocol": "tcp"
              }
            ],
            "ssr_relaxed_tcp_state_enforcement": false,
            "traffic_class": "best_effort",
            "traffic_type": "default",
            "type": "custom",
            "urls": []
          },
          "sensitive_attributes": [],
          "dependencies": [
            "mist_org.terraform_test"
          ]
        }
      ]
    },
    {
      "mode": "managed",
      "type": "mist_org_service",
      "name": "service_3",
      "provider": "provider[\"registry.terraform.io/juniper/mist\"]",
      "instances": [
        {
          "schema_version": 0,
          "attributes": {
            "addresses": [
              "{{branch_ip}}.128/27"
            ],
            "app_categories": [],
            "app_subcategories": [],
            "apps": [],
            "description": null,
            "dscp": null,
            "failover_policy": "revertable",
            "hostnames": [],
            "id": "704af91c-edb8-439d-b666-ad198d0fc307",
            "max_jitter": null,
            "max_latency": null,
            "max_loss": null,
            "name": "10_X_Y_128-27-TCP_8123",
            "org_id": "b3e13549-d254-43d3-b62c-ce121b957327",
            "sle_enabled": false,
            "specs": [
              {
                "port_range": "8123-8123",
                "protocol": "tcp"
              }
            ],
            "ssr_relaxed_tcp_state_enforcement": false,
            "traffic_class": "best_effort",
            "traffic_type": "default",
            "type": "custom",
            "urls": []
          },
          "sensitive_attributes": [],
          "dependencies": [
            "mist_org.terraform_test"
          ]
        }
      ]
    },
    {
      "mode": "managed",
      "type": "mist_org_service",
      "name": "service_30",
      "provider": "provider[\"registry.terraform.io/juniper/mist\"]",
      "instances": [
        {
          "schema_version": 0,
          "attributes": {
            "addresses": [
              "{{branch_ip}}.0/24"
            ],
            "app_categories": [],
            "app_subcategories": [],
            "apps": [],
            "description": null,
            "dscp": null,
            "failover_policy": "revertable",
            "hostnames": [],
            "id": "b90460e4-f753-46aa-80f5-a0aaa468964b",
            "max_jitter": null,
            "max_latency": null,
            "max_loss": null,
            "name": "10_X_Y_0-24-ANY",
            "org_id": "b3e13549-d254-43d3-b62c-ce121b957327",
            "sle_enabled": false,
            "specs": [
              {
                "port_range": null,
                "protocol": "any"
              }
            ],
            "ssr_relaxed_tcp_state_enforcement": false,
            "traffic_class": "best_effort",
            "traffic_type": "default",
            "type": "custom",
            "urls": []
          },
          "sensitive_attributes": [],
          "dependencies": [
            "mist_org.terraform_test"
          ]
        }
      ]
    },
    {
      "mode": "managed",
      "type": "mist_org_service",
      "name": "service_31",
      "provider": "provider[\"registry.terraform.io/juniper/mist\"]",
      "instances": [
        {
          "schema_version": 0,
          "attributes": {
            "addresses": [
              "0.0.0.0/0"
            ],
            "app_categories": [],
            "app_subcategories": [],
            "apps": [],
            "description": null,
            "dscp": null,
            "failover_policy": "revertable",
            "hostnames": [],
            "id": "73d6850f-7612-4b46-a8d6-4b033b9c82f0",
            "max_jitter": null,
            "max_latency": null,
            "max_loss": null,
            "name": "ANY-TCP_80",
            "org_id": "b3e13549-d254-43d3-b62c-ce121b957327",
            "sle_enabled": false,
            "specs": [
              {
                "port_range": "80-80",
                "protocol": "tcp"
              }
            ],
            "ssr_relaxed_tcp_state_enforcement": false,
            "traffic_class": "best_effort",
            "traffic_type": "default",
            "type": "custom",
            "urls": []
          },
          "sensitive_attributes": [],
          "dependencies": [
            "mist_org.terraform_test"
          ]
        }
      ]
    },
    {
      "mode": "managed",
      "type": "mist_org_service",
      "name": "service_32",
      "provider": "provider[\"registry.terraform.io/juniper/mist\"]",
      "instances": [
        {
          "schema_version": 0,
          "attributes": {
            "addresses": [
              "{{branch_no_routable}}.130/32"
            ],
            "app_categories": [],
            "app_subcategories": [],
            "apps": [],
            "description": null,
            "dscp": null,
            "failover_policy": "revertable",
            "hostnames": [],
            "id": "d79811aa-0c94-489b-95af-f45587de3e39",
            "max_jitter": null,
            "max_latency": null,
            "max_loss": null,
            "name": "192_168_90_130-TCP_443",
            "org_id": "b3e13549-d254-43d3-b62c-ce121b957327",
            "sle_enabled": false,
            "specs": [
              {
                "port_range": "443-443",
                "protocol": "tcp"
              }
            ],
            "ssr_relaxed_tcp_state_enforcement": false,
            "traffic_class": "best_effort",
            "traffic_type": "default",
            "type": "custom",
            "urls": []
          },
          "sensitive_attributes": [],
          "dependencies": [
            "mist_org.terraform_test"
          ]
        }
      ]
    },
    {
      "mode": "managed",
      "type": "mist_org_service",
      "name": "service_33",
      "provider": "provider[\"registry.terraform.io/juniper/mist\"]",
      "instances": [
        {
          "schema_version": 0,
          "attributes": {
            "addresses": [
              "{{branch_no_routable}}.130/32"
            ],
            "app_categories": [],
            "app_subcategories": [],
            "apps": [],
            "description": null,
            "dscp": null,
            "failover_policy": "revertable",
            "hostnames": [],
            "id": "2d63b09e-3faf-4059-8223-2113fce93e0c",
            "max_jitter": null,
            "max_latency": null,
            "max_loss": null,
            "name": "192_168_90_130-TCP_20000",
            "org_id": "b3e13549-d254-43d3-b62c-ce121b957327",
            "sle_enabled": false,
            "specs": [
              {
                "port_range": "20000-20000",
                "protocol": "tcp"
              }
            ],
            "ssr_relaxed_tcp_state_enforcement": false,
            "traffic_class": "best_effort",
            "traffic_type": "default",
            "type": "custom",
            "urls": []
          },
          "sensitive_attributes": [],
          "dependencies": [
            "mist_org.terraform_test"
          ]
        }
      ]
    },
    {
      "mode": "managed",
      "type": "mist_org_service",
      "name": "service_34",
      "provider": "provider[\"registry.terraform.io/juniper/mist\"]",
      "instances": [
        {
          "schema_version": 0,
          "attributes": {
            "addresses": [
              "{{branch_ip}}.172/32"
            ],
            "app_categories": [],
            "app_subcategories": [],
            "apps": [],
            "description": null,
            "dscp": null,
            "failover_policy": "revertable",
            "hostnames": [],
            "id": "c93b6be4-03a9-49d8-b4c5-f4c7cb1a51f0",
            "max_jitter": null,
            "max_latency": null,
            "max_loss": null,
            "name": "10_X_Y_172-TCP_225",
            "org_id": "b3e13549-d254-43d3-b62c-ce121b957327",
            "sle_enabled": false,
            "specs": [
              {
                "port_range": "225-225",
                "protocol": "tcp"
              }
            ],
            "ssr_relaxed_tcp_state_enforcement": false,
            "traffic_class": "best_effort",
            "traffic_type": "default",
            "type": "custom",
            "urls": []
          },
          "sensitive_attributes": [],
          "dependencies": [
            "mist_org.terraform_test"
          ]
        }
      ]
    },
    {
      "mode": "managed",
      "type": "mist_org_service",
      "name": "service_35",
      "provider": "provider[\"registry.terraform.io/juniper/mist\"]",
      "instances": [
        {
          "schema_version": 0,
          "attributes": {
            "addresses": [
              "{{branch_ip}}.225/32"
            ],
            "app_categories": [],
            "app_subcategories": [],
            "apps": [],
            "description": null,
            "dscp": null,
            "failover_policy": "revertable",
            "hostnames": [],
            "id": "36d3b078-0c18-4783-810a-3ed08ad6f008",
            "max_jitter": null,
            "max_latency": null,
            "max_loss": null,
            "name": "10_X_Y_225-UDP_123",
            "org_id": "b3e13549-d254-43d3-b62c-ce121b957327",
            "sle_enabled": false,
            "specs": [
              {
                "port_range": "123-123",
                "protocol": "udp"
              }
            ],
            "ssr_relaxed_tcp_state_enforcement": false,
            "traffic_class": "best_effort",
            "traffic_type": "default",
            "type": "custom",
            "urls": []
          },
          "sensitive_attributes": [],
          "dependencies": [
            "mist_org.terraform_test"
          ]
        }
      ]
    },
    {
      "mode": "managed",
      "type": "mist_org_service",
      "name": "service_36",
      "provider": "provider[\"registry.terraform.io/juniper/mist\"]",
      "instances": [
        {
          "schema_version": 0,
          "attributes": {
            "addresses": [
              "{{branch_ip}}.131/32",
              "{{branch_ip}}.132/32"
            ],
            "app_categories": [],
            "app_subcategories": [],
            "apps": [],
            "description": null,
            "dscp": null,
            "failover_policy": "revertable",
            "hostnames": [],
            "id": "89cbad20-1aa5-4f16-bfe8-6be7c14d55ba",
            "max_jitter": null,
            "max_latency": null,
            "max_loss": null,
            "name": "RESTRICTED-TCP-5016",
            "org_id": "b3e13549-d254-43d3-b62c-ce121b957327",
            "sle_enabled": false,
            "specs": [
              {
                "port_range": "5016-5016",
                "protocol": "tcp"
              }
            ],
            "ssr_relaxed_tcp_state_enforcement": false,
            "traffic_class": "best_effort",
            "traffic_type": "default",
            "type": "custom",
            "urls": []
          },
          "sensitive_attributes": [],
          "dependencies": [
            "mist_org.terraform_test"
          ]
        }
      ]
    },
    {
      "mode": "managed",
      "type": "mist_org_service",
      "name": "service_37",
      "provider": "provider[\"registry.terraform.io/juniper/mist\"]",
      "instances": [
        {
          "schema_version": 0,
          "attributes": {
            "addresses": [
              "{{branch_ip}}.171/32"
            ],
            "app_categories": [],
            "app_subcategories": [],
            "apps": [],
            "description": null,
            "dscp": null,
            "failover_policy": "revertable",
            "hostnames": [],
            "id": "dd9fc2fb-93a2-4fe2-8539-dafb9ed5c6ae",
            "max_jitter": null,
            "max_latency": null,
            "max_loss": null,
            "name": "10_X_Y_171-TCP_225",
            "org_id": "b3e13549-d254-43d3-b62c-ce121b957327",
            "sle_enabled": false,
            "specs": [
              {
                "port_range": "225-225",
                "protocol": "tcp"
              }
            ],
            "ssr_relaxed_tcp_state_enforcement": false,
            "traffic_class": "best_effort",
            "traffic_type": "default",
            "type": "custom",
            "urls": []
          },
          "sensitive_attributes": [],
          "dependencies": [
            "mist_org.terraform_test"
          ]
        }
      ]
    },
    {
      "mode": "managed",
      "type": "mist_org_service",
      "name": "service_38",
      "provider": "provider[\"registry.terraform.io/juniper/mist\"]",
      "instances": [
        {
          "schema_version": 0,
          "attributes": {
            "addresses": [
              "{{branch_ip}}.51/32"
            ],
            "app_categories": [],
            "app_subcategories": [],
            "apps": [],
            "description": null,
            "dscp": null,
            "failover_policy": "revertable",
            "hostnames": [],
            "id": "ea6373da-c90a-4b16-a52a-d70b9c27e6d0",
            "max_jitter": null,
            "max_latency": null,
            "max_loss": null,
            "name": "10_X_Y_51-ICMP",
            "org_id": "b3e13549-d254-43d3-b62c-ce121b957327",
            "sle_enabled": false,
            "specs": [
              {
                "port_range": null,
                "protocol": "icmp"
              }
            ],
            "ssr_relaxed_tcp_state_enforcement": false,
            "traffic_class": "best_effort",
            "traffic_type": "default",
            "type": "custom",
            "urls": []
          },
          "sensitive_attributes": [],
          "dependencies": [
            "mist_org.terraform_test"
          ]
        }
      ]
    },
    {
      "mode": "managed",
      "type": "mist_org_service",
      "name": "service_39",
      "provider": "provider[\"registry.terraform.io/juniper/mist\"]",
      "instances": [
        {
          "schema_version": 0,
          "attributes": {
            "addresses": [
              "{{iot_net_wired_upper}}.0/26"
            ],
            "app_categories": [],
            "app_subcategories": [],
            "apps": [],
            "description": null,
            "dscp": null,
            "failover_policy": "revertable",
            "hostnames": [],
            "id": "87bfe66d-031f-4f89-9437-080e0c9de469",
            "max_jitter": null,
            "max_latency": null,
            "max_loss": null,
            "name": "192_168_93_0-24-TCP_44818",
            "org_id": "b3e13549-d254-43d3-b62c-ce121b957327",
            "sle_enabled": false,
            "specs": [
              {
                "port_range": "44818-44818",
                "protocol": "tcp"
              }
            ],
            "ssr_relaxed_tcp_state_enforcement": false,
            "traffic_class": "best_effort",
            "traffic_type": "default",
            "type": "custom",
            "urls": []
          },
          "sensitive_attributes": [],
          "dependencies": [
            "mist_org.terraform_test"
          ]
        }
      ]
    },
    {
      "mode": "managed",
      "type": "mist_org_service",
      "name": "service_4",
      "provider": "provider[\"registry.terraform.io/juniper/mist\"]",
      "instances": [
        {
          "schema_version": 0,
          "attributes": {
            "addresses": [
              "{{iot_net_wired}}.50/32"
            ],
            "app_categories": [],
            "app_subcategories": [],
            "apps": [],
            "description": null,
            "dscp": null,
            "failover_policy": "revertable",
            "hostnames": [],
            "id": "9755fbd7-ee3f-4bf7-b2ca-51c96dc5c9d6",
            "max_jitter": null,
            "max_latency": null,
            "max_loss": null,
            "name": "192_168_92_50-ICMP",
            "org_id": "b3e13549-d254-43d3-b62c-ce121b957327",
            "sle_enabled": false,
            "specs": [
              {
                "port_range": null,
                "protocol": "icmp"
              }
            ],
            "ssr_relaxed_tcp_state_enforcement": false,
            "traffic_class": "best_effort",
            "traffic_type": "default",
            "type": "custom",
            "urls": []
          },
          "sensitive_attributes": [],
          "dependencies": [
            "mist_org.terraform_test"
          ]
        }
      ]
    },
    {
      "mode": "managed",
      "type": "mist_org_service",
      "name": "service_40",
      "provider": "provider[\"registry.terraform.io/juniper/mist\"]",
      "instances": [
        {
          "schema_version": 0,
          "attributes": {
            "addresses": [
              "{{branch_ip}}.131/32"
            ],
            "app_categories": [],
            "app_subcategories": [],
            "apps": [],
            "description": null,
            "dscp": null,
            "failover_policy": "revertable",
            "hostnames": [],
            "id": "04e64367-0c5d-4007-a01c-81bd1839b9e6",
            "max_jitter": null,
            "max_latency": null,
            "max_loss": null,
            "name": "10_X_Y_131-TCP_5016",
            "org_id": "b3e13549-d254-43d3-b62c-ce121b957327",
            "sle_enabled": false,
            "specs": [
              {
                "port_range": "5016-5016",
                "protocol": "tcp"
              }
            ],
            "ssr_relaxed_tcp_state_enforcement": false,
            "traffic_class": "best_effort",
            "traffic_type": "default",
            "type": "custom",
            "urls": []
          },
          "sensitive_attributes": [],
          "dependencies": [
            "mist_org.terraform_test"
          ]
        }
      ]
    },
    {
      "mode": "managed",
      "type": "mist_org_service",
      "name": "service_41",
      "provider": "provider[\"registry.terraform.io/juniper/mist\"]",
      "instances": [
        {
          "schema_version": 0,
          "attributes": {
            "addresses": [
              "{{branch_ip}}.17/32"
            ],
            "app_categories": [],
            "app_subcategories": [],
            "apps": [],
            "description": null,
            "dscp": null,
            "failover_policy": "revertable",
            "hostnames": [],
            "id": "27ac3555-6519-492b-8e41-5d50e4e8685d",
            "max_jitter": null,
            "max_latency": null,
            "max_loss": null,
            "name": "10_X_Y_18-TCP-5172",
            "org_id": "b3e13549-d254-43d3-b62c-ce121b957327",
            "sle_enabled": false,
            "specs": [
              {
                "port_range": "5172-5172",
                "protocol": "tcp"
              }
            ],
            "ssr_relaxed_tcp_state_enforcement": false,
            "traffic_class": "best_effort",
            "traffic_type": "default",
            "type": "custom",
            "urls": []
          },
          "sensitive_attributes": [],
          "dependencies": [
            "mist_org.terraform_test"
          ]
        }
      ]
    },
    {
      "mode": "managed",
      "type": "mist_org_service",
      "name": "service_42",
      "provider": "provider[\"registry.terraform.io/juniper/mist\"]",
      "instances": [
        {
          "schema_version": 0,
          "attributes": {
            "addresses": [
              "{{branch_no_routable}}.130/32"
            ],
            "app_categories": [],
            "app_subcategories": [],
            "apps": [],
            "description": null,
            "dscp": null,
            "failover_policy": "revertable",
            "hostnames": [],
            "id": "d33b4b19-efa0-45d3-a444-47fdd4136d02",
            "max_jitter": null,
            "max_latency": null,
            "max_loss": null,
            "name": "192_168_90_130-TCP_2002",
            "org_id": "b3e13549-d254-43d3-b62c-ce121b957327",
            "sle_enabled": false,
            "specs": [
              {
                "port_range": "2002-2002",
                "protocol": "tcp"
              }
            ],
            "ssr_relaxed_tcp_state_enforcement": false,
            "traffic_class": "best_effort",
            "traffic_type": "default",
            "type": "custom",
            "urls": []
          },
          "sensitive_attributes": [],
          "dependencies": [
            "mist_org.terraform_test"
          ]
        }
      ]
    },
    {
      "mode": "managed",
      "type": "mist_org_service",
      "name": "service_43",
      "provider": "provider[\"registry.terraform.io/juniper/mist\"]",
      "instances": [
        {
          "schema_version": 0,
          "attributes": {
            "addresses": [
              "{{branch_ip}}.25/32"
            ],
            "app_categories": [],
            "app_subcategories": [],
            "apps": [],
            "description": null,
            "dscp": null,
            "failover_policy": "revertable",
            "hostnames": [],
            "id": "3de50fc3-3d56-452d-8d29-2dd449412327",
            "max_jitter": null,
            "max_latency": null,
            "max_loss": null,
            "name": "10_X_Y_25-UDP_123",
            "org_id": "b3e13549-d254-43d3-b62c-ce121b957327",
            "sle_enabled": false,
            "specs": [
              {
                "port_range": "123-123",
                "protocol": "udp"
              }
            ],
            "ssr_relaxed_tcp_state_enforcement": false,
            "traffic_class": "best_effort",
            "traffic_type": "default",
            "type": "custom",
            "urls": []
          },
          "sensitive_attributes": [],
          "dependencies": [
            "mist_org.terraform_test"
          ]
        }
      ]
    },
    {
      "mode": "managed",
      "type": "mist_org_service",
      "name": "service_44",
      "provider": "provider[\"registry.terraform.io/juniper/mist\"]",
      "instances": [
        {
          "schema_version": 0,
          "attributes": {
            "addresses": [
              "{{branch_ip}}.132/32"
            ],
            "app_categories": [],
            "app_subcategories": [],
            "apps": [],
            "description": null,
            "dscp": null,
            "failover_policy": "revertable",
            "hostnames": [],
            "id": "262b6dd3-d4f8-4dc3-82eb-2f1590861479",
            "max_jitter": null,
            "max_latency": null,
            "max_loss": null,
            "name": "10_X_Y_132-TCP_5015",
            "org_id": "b3e13549-d254-43d3-b62c-ce121b957327",
            "sle_enabled": false,
            "specs": [
              {
                "port_range": "5015-5015",
                "protocol": "tcp"
              }
            ],
            "ssr_relaxed_tcp_state_enforcement": false,
            "traffic_class": "best_effort",
            "traffic_type": "default",
            "type": "custom",
            "urls": []
          },
          "sensitive_attributes": [],
          "dependencies": [
            "mist_org.terraform_test"
          ]
        }
      ]
    },
    {
      "mode": "managed",
      "type": "mist_org_service",
      "name": "service_45",
      "provider": "provider[\"registry.terraform.io/juniper/mist\"]",
      "instances": [
        {
          "schema_version": 0,
          "attributes": {
            "addresses": [
              "0.0.0.0/0"
            ],
            "app_categories": [],
            "app_subcategories": [],
            "apps": [],
            "description": null,
            "dscp": null,
            "failover_policy": "revertable",
            "hostnames": [],
            "id": "61d20fa4-a3fa-4206-af35-aefdaed6be73",
            "max_jitter": null,
            "max_latency": null,
            "max_loss": null,
            "name": "ANY_TCP_80",
            "org_id": "b3e13549-d254-43d3-b62c-ce121b957327",
            "sle_enabled": false,
            "specs": [
              {
                "port_range": "80-80",
                "protocol": "tcp"
              }
            ],
            "ssr_relaxed_tcp_state_enforcement": false,
            "traffic_class": "best_effort",
            "traffic_type": "default",
            "type": "custom",
            "urls": []
          },
          "sensitive_attributes": [],
          "dependencies": [
            "mist_org.terraform_test"
          ]
        }
      ]
    },
    {
      "mode": "managed",
      "type": "mist_org_service",
      "name": "service_46",
      "provider": "provider[\"registry.terraform.io/juniper/mist\"]",
      "instances": [
        {
          "schema_version": 0,
          "attributes": {
            "addresses": [
              "0.0.0.0/0"
            ],
            "app_categories": [],
            "app_subcategories": [],
            "apps": [],
            "description": null,
            "dscp": null,
            "failover_policy": "revertable",
            "hostnames": [],
            "id": "4bb957ec-90c5-4064-a4fb-de10ff5e8f76",
            "max_jitter": null,
            "max_latency": null,
            "max_loss": null,
            "name": "ANY-UDP_67",
            "org_id": "b3e13549-d254-43d3-b62c-ce121b957327",
            "sle_enabled": false,
            "specs": [
              {
                "port_range": "67-67",
                "protocol": "udp"
              }
            ],
            "ssr_relaxed_tcp_state_enforcement": false,
            "traffic_class": "best_effort",
            "traffic_type": "default",
            "type": "custom",
            "urls": []
          },
          "sensitive_attributes": [],
          "dependencies": [
            "mist_org.terraform_test"
          ]
        }
      ]
    },
    {
      "mode": "managed",
      "type": "mist_org_service",
      "name": "service_47",
      "provider": "provider[\"registry.terraform.io/juniper/mist\"]",
      "instances": [
        {
          "schema_version": 0,
          "attributes": {
            "addresses": [
              "{{iot_net_wired_upper}}.0/24"
            ],
            "app_categories": [],
            "app_subcategories": [],
            "apps": [],
            "description": null,
            "dscp": null,
            "failover_policy": "revertable",
            "hostnames": [],
            "id": "9698e667-17fc-401e-b5bd-28be8e7a6579",
            "max_jitter": null,
            "max_latency": null,
            "max_loss": null,
            "name": "192_168_93_0-24-TCP_80",
            "org_id": "b3e13549-d254-43d3-b62c-ce121b957327",
            "sle_enabled": false,
            "specs": [
              {
                "port_range": "80-80",
                "protocol": "tcp"
              }
            ],
            "ssr_relaxed_tcp_state_enforcement": false,
            "traffic_class": "best_effort",
            "traffic_type": "default",
            "type": "custom",
            "urls": []
          },
          "sensitive_attributes": [],
          "dependencies": [
            "mist_org.terraform_test"
          ]
        }
      ]
    },
    {
      "mode": "managed",
      "type": "mist_org_service",
      "name": "service_48",
      "provider": "provider[\"registry.terraform.io/juniper/mist\"]",
      "instances": [
        {
          "schema_version": 0,
          "attributes": {
            "addresses": [
              "0.0.0.0/0"
            ],
            "app_categories": [],
            "app_subcategories": [],
            "apps": [],
            "description": null,
            "dscp": null,
            "failover_policy": "revertable",
            "hostnames": [],
            "id": "eb9d8950-6f14-4c80-b55b-b224bb264427",
            "max_jitter": null,
            "max_latency": null,
            "max_loss": null,
            "name": "ANY-TCP_1163",
            "org_id": "b3e13549-d254-43d3-b62c-ce121b957327",
            "sle_enabled": false,
            "specs": [
              {
                "port_range": "1163-1163",
                "protocol": "tcp"
              }
            ],
            "ssr_relaxed_tcp_state_enforcement": false,
            "traffic_class": "best_effort",
            "traffic_type": "default",
            "type": "custom",
            "urls": []
          },
          "sensitive_attributes": [],
          "dependencies": [
            "mist_org.terraform_test"
          ]
        }
      ]
    },
    {
      "mode": "managed",
      "type": "mist_org_service",
      "name": "service_49",
      "provider": "provider[\"registry.terraform.io/juniper/mist\"]",
      "instances": [
        {
          "schema_version": 0,
          "attributes": {
            "addresses": [
              "{{branch_ip}}.131/32\n{{branch_ip}}.132/32"
            ],
            "app_categories": [],
            "app_subcategories": [],
            "apps": [],
            "description": null,
            "dscp": null,
            "failover_policy": "revertable",
            "hostnames": [],
            "id": "9e46cdd5-8bd0-4430-bfa5-cf7b8fa78bb2",
            "max_jitter": null,
            "max_latency": null,
            "max_loss": null,
            "name": "CORE-TCP-5015",
            "org_id": "b3e13549-d254-43d3-b62c-ce121b957327",
            "sle_enabled": false,
            "specs": [
              {
                "port_range": "5015-5015",
                "protocol": "tcp"
              }
            ],
            "ssr_relaxed_tcp_state_enforcement": false,
            "traffic_class": "best_effort",
            "traffic_type": "default",
            "type": "custom",
            "urls": []
          },
          "sensitive_attributes": [],
          "dependencies": [
            "mist_org.terraform_test"
          ]
        }
      ]
    },
    {
      "mode": "managed",
      "type": "mist_org_service",
      "name": "service_5",
      "provider": "provider[\"registry.terraform.io/juniper/mist\"]",
      "instances": [
        {
          "schema_version": 0,
          "attributes": {
            "addresses": [
              "{{branch_ip}}.132/32"
            ],
            "app_categories": [],
            "app_subcategories": [],
            "apps": [],
            "description": null,
            "dscp": null,
            "failover_policy": "revertable",
            "hostnames": [],
            "id": "399092a3-a616-4dc5-8db7-d543005a315a",
            "max_jitter": null,
            "max_latency": null,
            "max_loss": null,
            "name": "10_X_Y_132-TCP_5016",
            "org_id": "b3e13549-d254-43d3-b62c-ce121b957327",
            "sle_enabled": false,
            "specs": [
              {
                "port_range": "5016-5016",
                "protocol": "tcp"
              }
            ],
            "ssr_relaxed_tcp_state_enforcement": false,
            "traffic_class": "best_effort",
            "traffic_type": "default",
            "type": "custom",
            "urls": []
          },
          "sensitive_attributes": [],
          "dependencies": [
            "mist_org.terraform_test"
          ]
        }
      ]
    },
    {
      "mode": "managed",
      "type": "mist_org_service",
      "name": "service_50",
      "provider": "provider[\"registry.terraform.io/juniper/mist\"]",
      "instances": [
        {
          "schema_version": 0,
          "attributes": {
            "addresses": [
              "0.0.0.0/0"
            ],
            "app_categories": [],
            "app_subcategories": [],
            "apps": [],
            "description": null,
            "dscp": null,
            "failover_policy": "revertable",
            "hostnames": [],
            "id": "77d98f0d-7260-416d-b384-40f0c6b19e14",
            "max_jitter": null,
            "max_latency": null,
            "max_loss": null,
            "name": "ANY-UDP_8211",
            "org_id": "b3e13549-d254-43d3-b62c-ce121b957327",
            "sle_enabled": false,
            "specs": [
              {
                "port_range": "8211-8211",
                "protocol": "udp"
              }
            ],
            "ssr_relaxed_tcp_state_enforcement": false,
            "traffic_class": "best_effort",
            "traffic_type": "default",
            "type": "custom",
            "urls": []
          },
          "sensitive_attributes": [],
          "dependencies": [
            "mist_org.terraform_test"
          ]
        }
      ]
    },
    {
      "mode": "managed",
      "type": "mist_org_service",
      "name": "service_51",
      "provider": "provider[\"registry.terraform.io/juniper/mist\"]",
      "instances": [
        {
          "schema_version": 0,
          "attributes": {
            "addresses": [
              "{{branch_ip}}.160/27"
            ],
            "app_categories": [],
            "app_subcategories": [],
            "apps": [],
            "description": null,
            "dscp": null,
            "failover_policy": "revertable",
            "hostnames": [],
            "id": "bfebfb9a-e9b1-45df-b9b2-2e0392a692e1",
            "max_jitter": null,
            "max_latency": null,
            "max_loss": null,
            "name": "10_X_Y_160-27-TCP_22700",
            "org_id": "b3e13549-d254-43d3-b62c-ce121b957327",
            "sle_enabled": false,
            "specs": [
              {
                "port_range": "22700-22700",
                "protocol": "tcp"
              }
            ],
            "ssr_relaxed_tcp_state_enforcement": false,
            "traffic_class": "best_effort",
            "traffic_type": "default",
            "type": "custom",
            "urls": []
          },
          "sensitive_attributes": [],
          "dependencies": [
            "mist_org.terraform_test"
          ]
        }
      ]
    },
    {
      "mode": "managed",
      "type": "mist_org_service",
      "name": "service_52",
      "provider": "provider[\"registry.terraform.io/juniper/mist\"]",
      "instances": [
        {
          "schema_version": 0,
          "attributes": {
            "addresses": [
              "0.0.0.0/0"
            ],
            "app_categories": [],
            "app_subcategories": [],
            "apps": [],
            "description": null,
            "dscp": null,
            "failover_policy": "revertable",
            "hostnames": [],
            "id": "e19bebf2-41e4-4274-94da-7c155938c837",
            "max_jitter": null,
            "max_latency": null,
            "max_loss": null,
            "name": "NTP",
            "org_id": "b3e13549-d254-43d3-b62c-ce121b957327",
            "sle_enabled": false,
            "specs": [
              {
                "port_range": "123-123",
                "protocol": "udp"
              }
            ],
            "ssr_relaxed_tcp_state_enforcement": false,
            "traffic_class": "best_effort",
            "traffic_type": "default",
            "type": "custom",
            "urls": []
          },
          "sensitive_attributes": [],
          "dependencies": [
            "mist_org.terraform_test"
          ]
        }
      ]
    },
    {
      "mode": "managed",
      "type": "mist_org_service",
      "name": "service_53",
      "provider": "provider[\"registry.terraform.io/juniper/mist\"]",
      "instances": [
        {
          "schema_version": 0,
          "attributes": {
            "addresses": [
              "{{branch_ip}}.160/27"
            ],
            "app_categories": [],
            "app_subcategories": [],
            "apps": [],
            "description": null,
            "dscp": null,
            "failover_policy": "revertable",
            "hostnames": [],
            "id": "8a1444df-8292-4900-8c63-933903e187fb",
            "max_jitter": null,
            "max_latency": null,
            "max_loss": null,
            "name": "10_X_Y_160-27-ANY",
            "org_id": "b3e13549-d254-43d3-b62c-ce121b957327",
            "sle_enabled": false,
            "specs": [
              {
                "port_range": null,
                "protocol": "any"
              }
            ],
            "ssr_relaxed_tcp_state_enforcement": false,
            "traffic_class": "best_effort",
            "traffic_type": "default",
            "type": "custom",
            "urls": []
          },
          "sensitive_attributes": [],
          "dependencies": [
            "mist_org.terraform_test"
          ]
        }
      ]
    },
    {
      "mode": "managed",
      "type": "mist_org_service",
      "name": "service_54",
      "provider": "provider[\"registry.terraform.io/juniper/mist\"]",
      "instances": [
        {
          "schema_version": 0,
          "attributes": {
            "addresses": [
              "192.168.0.0/16"
            ],
            "app_categories": [],
            "app_subcategories": [],
            "apps": [],
            "description": null,
            "dscp": null,
            "failover_policy": "revertable",
            "hostnames": [],
            "id": "07c9ee3f-4941-4335-8260-2b0aaee225db",
            "max_jitter": null,
            "max_latency": null,
            "max_loss": null,
            "name": "192_168_0_0-16-ICMP",
            "org_id": "b3e13549-d254-43d3-b62c-ce121b957327",
            "sle_enabled": false,
            "specs": [
              {
                "port_range": null,
                "protocol": "icmp"
              }
            ],
            "ssr_relaxed_tcp_state_enforcement": false,
            "traffic_class": "best_effort",
            "traffic_type": "default",
            "type": "custom",
            "urls": []
          },
          "sensitive_attributes": [],
          "dependencies": [
            "mist_org.terraform_test"
          ]
        }
      ]
    },
    {
      "mode": "managed",
      "type": "mist_org_service",
      "name": "service_55",
      "provider": "provider[\"registry.terraform.io/juniper/mist\"]",
      "instances": [
        {
          "schema_version": 0,
          "attributes": {
            "addresses": [
              "{{private_net}}.0/24"
            ],
            "app_categories": [],
            "app_subcategories": [],
            "apps": [],
            "description": null,
            "dscp": null,
            "failover_policy": "revertable",
            "hostnames": [],
            "id": "b9d4d00c-a8b7-43fe-aa1e-bb834323b104",
            "max_jitter": null,
            "max_latency": null,
            "max_loss": null,
            "name": "192_168_91_0-24-ANY",
            "org_id": "b3e13549-d254-43d3-b62c-ce121b957327",
            "sle_enabled": false,
            "specs": [
              {
                "port_range": null,
                "protocol": "any"
              }
            ],
            "ssr_relaxed_tcp_state_enforcement": false,
            "traffic_class": "best_effort",
            "traffic_type": "default",
            "type": "custom",
            "urls": []
          },
          "sensitive_attributes": [],
          "dependencies": [
            "mist_org.terraform_test"
          ]
        }
      ]
    },
    {
      "mode": "managed",
      "type": "mist_org_service",
      "name": "service_56",
      "provider": "provider[\"registry.terraform.io/juniper/mist\"]",
      "instances": [
        {
          "schema_version": 0,
          "attributes": {
            "addresses": [
              "{{iot_net_wired}}.198/32",
              "{{secondary_iot_wired}}.198/32"
            ],
            "app_categories": [],
            "app_subcategories": [],
            "apps": [],
            "description": null,
            "dscp": null,
            "failover_policy": "revertable",
            "hostnames": [],
            "id": "9347d9a4-e2fc-46c4-9b55-2770a25c5e3c",
            "max_jitter": null,
            "max_latency": null,
            "max_loss": null,
            "name": "192_168_92_198-TCP_1883",
            "org_id": "b3e13549-d254-43d3-b62c-ce121b957327",
            "sle_enabled": false,
            "specs": [
              {
                "port_range": "1883-1883",
                "protocol": "tcp"
              }
            ],
            "ssr_relaxed_tcp_state_enforcement": false,
            "traffic_class": "best_effort",
            "traffic_type": "default",
            "type": "custom",
            "urls": []
          },
          "sensitive_attributes": [],
          "dependencies": [
            "mist_org.terraform_test"
          ]
        }
      ]
    },
    {
      "mode": "managed",
      "type": "mist_org_service",
      "name": "service_57",
      "provider": "provider[\"registry.terraform.io/juniper/mist\"]",
      "instances": [
        {
          "schema_version": 0,
          "attributes": {
            "addresses": [
              "208.67.220.220/32",
              "208.67.222.222/32"
            ],
            "app_categories": [],
            "app_subcategories": [],
            "apps": [],
            "description": "Cisco Umbrella - Puertos TCP UDP for DNS and HTTPS",
            "dscp": null,
            "failover_policy": "revertable",
            "hostnames": [],
            "id": "31a755d0-c016-4055-9280-566c57400d74",
            "max_jitter": null,
            "max_latency": null,
            "max_loss": null,
            "name": "DNS_HTTP_HTTPS_External",
            "org_id": "b3e13549-d254-43d3-b62c-ce121b957327",
            "sle_enabled": false,
            "specs": [
              {
                "port_range": "53-53",
                "protocol": "tcp"
              },
              {
                "port_range": "53-53",
                "protocol": "udp"
              },
              {
                "port_range": "80-80",
                "protocol": "tcp"
              },
              {
                "port_range": "443-443",
                "protocol": "tcp"
              }
            ],
            "ssr_relaxed_tcp_state_enforcement": false,
            "traffic_class": "best_effort",
            "traffic_type": "default",
            "type": "custom",
            "urls": []
          },
          "sensitive_attributes": [],
          "dependencies": [
            "mist_org.terraform_test"
          ]
        }
      ]
    },
    {
      "mode": "managed",
      "type": "mist_org_service",
      "name": "service_58",
      "provider": "provider[\"registry.terraform.io/juniper/mist\"]",
      "instances": [
        {
          "schema_version": 0,
          "attributes": {
            "addresses": [
              "{{iot_net_wired}}.160/32"
            ],
            "app_categories": [],
            "app_subcategories": [],
            "apps": [],
            "description": null,
            "dscp": null,
            "failover_policy": "revertable",
            "hostnames": [],
            "id": "7331c862-7dcf-4432-bb10-ae75f8779b78",
            "max_jitter": null,
            "max_latency": null,
            "max_loss": null,
            "name": "192_168_92_160-TCP_443",
            "org_id": "b3e13549-d254-43d3-b62c-ce121b957327",
            "sle_enabled": false,
            "specs": [
              {
                "port_range": "443-443",
                "protocol": "tcp"
              }
            ],
            "ssr_relaxed_tcp_state_enforcement": false,
            "traffic_class": "best_effort",
            "traffic_type": "default",
            "type": "custom",
            "urls": []
          },
          "sensitive_attributes": [],
          "dependencies": [
            "mist_org.terraform_test"
          ]
        }
      ]
    },
    {
      "mode": "managed",
      "type": "mist_org_service",
      "name": "service_59",
      "provider": "provider[\"registry.terraform.io/juniper/mist\"]",
      "instances": [
        {
          "schema_version": 0,
          "attributes": {
            "addresses": [
              "{{branch_ip}}.62/32"
            ],
            "app_categories": [],
            "app_subcategories": [],
            "apps": [],
            "description": null,
            "dscp": null,
            "failover_policy": "revertable",
            "hostnames": [],
            "id": "7f6d635c-dfd5-4de1-a85f-28ebd2364a4e",
            "max_jitter": null,
            "max_latency": null,
            "max_loss": null,
            "name": "10_X_Y_62-UDP_53",
            "org_id": "b3e13549-d254-43d3-b62c-ce121b957327",
            "sle_enabled": false,
            "specs": [
              {
                "port_range": "53-53",
                "protocol": "udp"
              }
            ],
            "ssr_relaxed_tcp_state_enforcement": false,
            "traffic_class": "best_effort",
            "traffic_type": "default",
            "type": "custom",
            "urls": []
          },
          "sensitive_attributes": [],
          "dependencies": [
            "mist_org.terraform_test"
          ]
        }
      ]
    },
    {
      "mode": "managed",
      "type": "mist_org_service",
      "name": "service_6",
      "provider": "provider[\"registry.terraform.io/juniper/mist\"]",
      "instances": [
        {
          "schema_version": 0,
          "attributes": {
            "addresses": [
              "{{iot_net_wireless}}.0/23"
            ],
            "app_categories": [],
            "app_subcategories": [],
            "apps": [],
            "description": null,
            "dscp": null,
            "failover_policy": "revertable",
            "hostnames": [],
            "id": "16fb7212-94e3-4574-ae05-d184238ac659",
            "max_jitter": null,
            "max_latency": null,
            "max_loss": null,
            "name": "192_168_94_0-23-TCP_22",
            "org_id": "b3e13549-d254-43d3-b62c-ce121b957327",
            "sle_enabled": false,
            "specs": [
              {
                "port_range": "22-22",
                "protocol": "tcp"
              }
            ],
            "ssr_relaxed_tcp_state_enforcement": false,
            "traffic_class": "best_effort",
            "traffic_type": "default",
            "type": "custom",
            "urls": []
          },
          "sensitive_attributes": [],
          "dependencies": [
            "mist_org.terraform_test"
          ]
        }
      ]
    },
    {
      "mode": "managed",
      "type": "mist_org_service",
      "name": "service_60",
      "provider": "provider[\"registry.terraform.io/juniper/mist\"]",
      "instances": [
        {
          "schema_version": 0,
          "attributes": {
            "addresses": [
              "{{branch_ip}}.129/32"
            ],
            "app_categories": [],
            "app_subcategories": [],
            "apps": [],
            "description": null,
            "dscp": null,
            "failover_policy": "revertable",
            "hostnames": [],
            "id": "ffb8b29b-1000-4a77-b678-6e4348c47034",
            "max_jitter": null,
            "max_latency": null,
            "max_loss": null,
            "name": "10_X_Y_129-UDP_53",
            "org_id": "b3e13549-d254-43d3-b62c-ce121b957327",
            "sle_enabled": false,
            "specs": [
              {
                "port_range": "53-53",
                "protocol": "udp"
              }
            ],
            "ssr_relaxed_tcp_state_enforcement": false,
            "traffic_class": "best_effort",
            "traffic_type": "default",
            "type": "custom",
            "urls": []
          },
          "sensitive_attributes": [],
          "dependencies": [
            "mist_org.terraform_test"
          ]
        }
      ]
    },
    {
      "mode": "managed",
      "type": "mist_org_service",
      "name": "service_61",
      "provider": "provider[\"registry.terraform.io/juniper/mist\"]",
      "instances": [
        {
          "schema_version": 0,
          "attributes": {
            "addresses": [
              "{{iot_net_wired}}.126/32"
            ],
            "app_categories": [],
            "app_subcategories": [],
            "apps": [],
            "description": null,
            "dscp": null,
            "failover_policy": "revertable",
            "hostnames": [],
            "id": "132afb97-43c0-4170-b25a-b5e70d9a8344",
            "max_jitter": null,
            "max_latency": null,
            "max_loss": null,
            "name": "192_168_92_1-UDP_53",
            "org_id": "b3e13549-d254-43d3-b62c-ce121b957327",
            "sle_enabled": false,
            "specs": [
              {
                "port_range": "53-53",
                "protocol": "udp"
              }
            ],
            "ssr_relaxed_tcp_state_enforcement": false,
            "traffic_class": "best_effort",
            "traffic_type": "default",
            "type": "custom",
            "urls": []
          },
          "sensitive_attributes": [],
          "dependencies": [
            "mist_org.terraform_test"
          ]
        }
      ]
    },
    {
      "mode": "managed",
      "type": "mist_org_service",
      "name": "service_62",
      "provider": "provider[\"registry.terraform.io/juniper/mist\"]",
      "instances": [
        {
          "schema_version": 0,
          "attributes": {
            "addresses": [
              "{{iot_net_wired}}.0/24"
            ],
            "app_categories": [],
            "app_subcategories": [],
            "apps": [],
            "description": null,
            "dscp": null,
            "failover_policy": "revertable",
            "hostnames": [],
            "id": "c0e6a829-f993-4f6e-8b7f-c4fc33120ade",
            "max_jitter": null,
            "max_latency": null,
            "max_loss": null,
            "name": "192_168_92_0-24-UDP_2222",
            "org_id": "b3e13549-d254-43d3-b62c-ce121b957327",
            "sle_enabled": false,
            "specs": [
              {
                "port_range": "2222-2222",
                "protocol": "udp"
              }
            ],
            "ssr_relaxed_tcp_state_enforcement": false,
            "traffic_class": "best_effort",
            "traffic_type": "default",
            "type": "custom",
            "urls": []
          },
          "sensitive_attributes": [],
          "dependencies": [
            "mist_org.terraform_test"
          ]
        }
      ]
    },
    {
      "mode": "managed",
      "type": "mist_org_service",
      "name": "service_63",
      "provider": "provider[\"registry.terraform.io/juniper/mist\"]",
      "instances": [
        {
          "schema_version": 0,
          "attributes": {
            "addresses": [
              "{{iot_net_wired}}.199/32"
            ],
            "app_categories": [],
            "app_subcategories": [],
            "apps": [],
            "description": null,
            "dscp": null,
            "failover_policy": "revertable",
            "hostnames": [],
            "id": "075a6251-250c-4340-9f6e-411bc9d6f810",
            "max_jitter": null,
            "max_latency": null,
            "max_loss": null,
            "name": "192_168_92_199-TCP_443",
            "org_id": "b3e13549-d254-43d3-b62c-ce121b957327",
            "sle_enabled": false,
            "specs": [
              {
                "port_range": "443-443",
                "protocol": "tcp"
              }
            ],
            "ssr_relaxed_tcp_state_enforcement": false,
            "traffic_class": "best_effort",
            "traffic_type": "default",
            "type": "custom",
            "urls": []
          },
          "sensitive_attributes": [],
          "dependencies": [
            "mist_org.terraform_test"
          ]
        }
      ]
    },
    {
      "mode": "managed",
      "type": "mist_org_service",
      "name": "service_64",
      "provider": "provider[\"registry.terraform.io/juniper/mist\"]",
      "instances": [
        {
          "schema_version": 0,
          "attributes": {
            "addresses": [
              "{{branch_no_routable}}.130/32"
            ],
            "app_categories": [],
            "app_subcategories": [],
            "apps": [],
            "description": null,
            "dscp": null,
            "failover_policy": "revertable",
            "hostnames": [],
            "id": "7893ce65-2cf6-4159-9e08-e92a0e984876",
            "max_jitter": null,
            "max_latency": null,
            "max_loss": null,
            "name": "192_168_90_130-TCP_80",
            "org_id": "b3e13549-d254-43d3-b62c-ce121b957327",
            "sle_enabled": false,
            "specs": [
              {
                "port_range": "80-80",
                "protocol": "tcp"
              }
            ],
            "ssr_relaxed_tcp_state_enforcement": false,
            "traffic_class": "best_effort",
            "traffic_type": "default",
            "type": "custom",
            "urls": []
          },
          "sensitive_attributes": [],
          "dependencies": [
            "mist_org.terraform_test"
          ]
        }
      ]
    },
    {
      "mode": "managed",
      "type": "mist_org_service",
      "name": "service_65",
      "provider": "provider[\"registry.terraform.io/juniper/mist\"]",
      "instances": [
        {
          "schema_version": 0,
          "attributes": {
            "addresses": [
              "0.0.0.0/0"
            ],
            "app_categories": [],
            "app_subcategories": [],
            "apps": [],
            "description": null,
            "dscp": null,
            "failover_policy": "revertable",
            "hostnames": [],
            "id": "1cd1dfa8-2e95-4f5b-bab1-bc510c0b473c",
            "max_jitter": null,
            "max_latency": null,
            "max_loss": null,
            "name": "ANY-UDP_68",
            "org_id": "b3e13549-d254-43d3-b62c-ce121b957327",
            "sle_enabled": false,
            "specs": [
              {
                "port_range": "68-68",
                "protocol": "udp"
              }
            ],
            "ssr_relaxed_tcp_state_enforcement": false,
            "traffic_class": "best_effort",
            "traffic_type": "default",
            "type": "custom",
            "urls": []
          },
          "sensitive_attributes": [],
          "dependencies": [
            "mist_org.terraform_test"
          ]
        }
      ]
    },
    {
      "mode": "managed",
      "type": "mist_org_service",
      "name": "service_66",
      "provider": "provider[\"registry.terraform.io/juniper/mist\"]",
      "instances": [
        {
          "schema_version": 0,
          "attributes": {
            "addresses": [
              "0.0.0.0/0"
            ],
            "app_categories": [],
            "app_subcategories": [],
            "apps": [],
            "description": null,
            "dscp": null,
            "failover_policy": "revertable",
            "hostnames": [],
            "id": "019f375d-d447-4a93-98e6-7b6815ed8218",
            "max_jitter": null,
            "max_latency": null,
            "max_loss": null,
            "name": "ANY-TCP_22",
            "org_id": "b3e13549-d254-43d3-b62c-ce121b957327",
            "sle_enabled": false,
            "specs": [
              {
                "port_range": "22-22",
                "protocol": "tcp"
              }
            ],
            "ssr_relaxed_tcp_state_enforcement": false,
            "traffic_class": "best_effort",
            "traffic_type": "default",
            "type": "custom",
            "urls": []
          },
          "sensitive_attributes": [],
          "dependencies": [
            "mist_org.terraform_test"
          ]
        }
      ]
    },
    {
      "mode": "managed",
      "type": "mist_org_service",
      "name": "service_67",
      "provider": "provider[\"registry.terraform.io/juniper/mist\"]",
      "instances": [
        {
          "schema_version": 0,
          "attributes": {
            "addresses": [
              "{{iot_net_wired}}.0/24"
            ],
            "app_categories": [],
            "app_subcategories": [],
            "apps": [],
            "description": null,
            "dscp": null,
            "failover_policy": "revertable",
            "hostnames": [],
            "id": "ab25a3e8-cd7e-4ff4-9d97-a5950fe42f32",
            "max_jitter": null,
            "max_latency": null,
            "max_loss": null,
            "name": "192_168_92_0-24-TCP_443",
            "org_id": "b3e13549-d254-43d3-b62c-ce121b957327",
            "sle_enabled": false,
            "specs": [
              {
                "port_range": "443-443",
                "protocol": "tcp"
              }
            ],
            "ssr_relaxed_tcp_state_enforcement": false,
            "traffic_class": "best_effort",
            "traffic_type": "default",
            "type": "custom",
            "urls": []
          },
          "sensitive_attributes": [],
          "dependencies": [
            "mist_org.terraform_test"
          ]
        }
      ]
    },
    {
      "mode": "managed",
      "type": "mist_org_service",
      "name": "service_68",
      "provider": "provider[\"registry.terraform.io/juniper/mist\"]",
      "instances": [
        {
          "schema_version": 0,
          "attributes": {
            "addresses": [
              "{{branch_ip}}.161/32"
            ],
            "app_categories": [],
            "app_subcategories": [],
            "apps": [],
            "description": null,
            "dscp": null,
            "failover_policy": "revertable",
            "hostnames": [],
            "id": "f39cdd00-9a78-4ce8-92aa-f6271cb38a40",
            "max_jitter": null,
            "max_latency": null,
            "max_loss": null,
            "name": "10_X_Y_161-UDP_53",
            "org_id": "b3e13549-d254-43d3-b62c-ce121b957327",
            "sle_enabled": false,
            "specs": [
              {
                "port_range": "53-53",
                "protocol": "udp"
              }
            ],
            "ssr_relaxed_tcp_state_enforcement": false,
            "traffic_class": "best_effort",
            "traffic_type": "default",
            "type": "custom",
            "urls": []
          },
          "sensitive_attributes": [],
          "dependencies": [
            "mist_org.terraform_test"
          ]
        }
      ]
    },
    {
      "mode": "managed",
      "type": "mist_org_service",
      "name": "service_69",
      "provider": "provider[\"registry.terraform.io/juniper/mist\"]",
      "instances": [
        {
          "schema_version": 0,
          "attributes": {
            "addresses": [
              "{{iot_net_wired}}.198/32"
            ],
            "app_categories": [],
            "app_subcategories": [],
            "apps": [],
            "description": null,
            "dscp": null,
            "failover_policy": "revertable",
            "hostnames": [],
            "id": "f418603f-443e-414e-81fa-d87d7e99a576",
            "max_jitter": null,
            "max_latency": null,
            "max_loss": null,
            "name": "192_168_92_198-TCP_22",
            "org_id": "b3e13549-d254-43d3-b62c-ce121b957327",
            "sle_enabled": false,
            "specs": [
              {
                "port_range": "22-22",
                "protocol": "tcp"
              }
            ],
            "ssr_relaxed_tcp_state_enforcement": false,
            "traffic_class": "best_effort",
            "traffic_type": "default",
            "type": "custom",
            "urls": []
          },
          "sensitive_attributes": [],
          "dependencies": [
            "mist_org.terraform_test"
          ]
        }
      ]
    },
    {
      "mode": "managed",
      "type": "mist_org_service",
      "name": "service_7",
      "provider": "provider[\"registry.terraform.io/juniper/mist\"]",
      "instances": [
        {
          "schema_version": 0,
          "attributes": {
            "addresses": [
              "{{iot_net_wired}}.200/32"
            ],
            "app_categories": [],
            "app_subcategories": [],
            "apps": [],
            "description": null,
            "dscp": null,
            "failover_policy": "revertable",
            "hostnames": [],
            "id": "7bedd13f-ca7f-4f01-9cec-8b676853f3b2",
            "max_jitter": null,
            "max_latency": null,
            "max_loss": null,
            "name": "192_168_92_200-TCP_22",
            "org_id": "b3e13549-d254-43d3-b62c-ce121b957327",
            "sle_enabled": false,
            "specs": [
              {
                "port_range": "22-22",
                "protocol": "tcp"
              }
            ],
            "ssr_relaxed_tcp_state_enforcement": false,
            "traffic_class": "best_effort",
            "traffic_type": "default",
            "type": "custom",
            "urls": []
          },
          "sensitive_attributes": [],
          "dependencies": [
            "mist_org.terraform_test"
          ]
        }
      ]
    },
    {
      "mode": "managed",
      "type": "mist_org_service",
      "name": "service_70",
      "provider": "provider[\"registry.terraform.io/juniper/mist\"]",
      "instances": [
        {
          "schema_version": 0,
          "attributes": {
            "addresses": [
              "{{branch_ip}}.0/25"
            ],
            "app_categories": [],
            "app_subcategories": [],
            "apps": [],
            "description": null,
            "dscp": null,
            "failover_policy": "revertable",
            "hostnames": [],
            "id": "df11283d-c6b9-4505-900f-9585a00d62e2",
            "max_jitter": null,
            "max_latency": null,
            "max_loss": null,
            "name": "10_X_Y_0-25-TCP_22501",
            "org_id": "b3e13549-d254-43d3-b62c-ce121b957327",
            "sle_enabled": false,
            "specs": [
              {
                "port_range": "22501-22501",
                "protocol": "tcp"
              }
            ],
            "ssr_relaxed_tcp_state_enforcement": false,
            "traffic_class": "best_effort",
            "traffic_type": "default",
            "type": "custom",
            "urls": []
          },
          "sensitive_attributes": [],
          "dependencies": [
            "mist_org.terraform_test"
          ]
        }
      ]
    },
    {
      "mode": "managed",
      "type": "mist_org_service",
      "name": "service_71",
      "provider": "provider[\"registry.terraform.io/juniper/mist\"]",
      "instances": [
        {
          "schema_version": 0,
          "attributes": {
            "addresses": [
              "{{branch_ip}}.160/27"
            ],
            "app_categories": [],
            "app_subcategories": [],
            "apps": [],
            "description": null,
            "dscp": null,
            "failover_policy": "revertable",
            "hostnames": [],
            "id": "b09f2ac4-02c9-47ae-8961-f4010ebbf4d7",
            "max_jitter": null,
            "max_latency": null,
            "max_loss": null,
            "name": "10_X_Y_160-27-TCP_22501",
            "org_id": "b3e13549-d254-43d3-b62c-ce121b957327",
            "sle_enabled": false,
            "specs": [
              {
                "port_range": "22501-22501",
                "protocol": "tcp"
              }
            ],
            "ssr_relaxed_tcp_state_enforcement": false,
            "traffic_class": "best_effort",
            "traffic_type": "default",
            "type": "custom",
            "urls": []
          },
          "sensitive_attributes": [],
          "dependencies": [
            "mist_org.terraform_test"
          ]
        }
      ]
    },
    {
      "mode": "managed",
      "type": "mist_org_service",
      "name": "service_72",
      "provider": "provider[\"registry.terraform.io/juniper/mist\"]",
      "instances": [
        {
          "schema_version": 0,
          "attributes": {
            "addresses": [
              "{{private_net}}.1/32"
            ],
            "app_categories": [],
            "app_subcategories": [],
            "apps": [],
            "description": null,
            "dscp": null,
            "failover_policy": "revertable",
            "hostnames": [],
            "id": "ed40dd4d-18f4-4b8b-a3b9-f18978f6e7c7",
            "max_jitter": null,
            "max_latency": null,
            "max_loss": null,
            "name": "192_168_91_1-UDP_123",
            "org_id": "b3e13549-d254-43d3-b62c-ce121b957327",
            "sle_enabled": false,
            "specs": [
              {
                "port_range": "123-123",
                "protocol": "udp"
              }
            ],
            "ssr_relaxed_tcp_state_enforcement": false,
            "traffic_class": "best_effort",
            "traffic_type": "default",
            "type": "custom",
            "urls": []
          },
          "sensitive_attributes": [],
          "dependencies": [
            "mist_org.terraform_test"
          ]
        }
      ]
    },
    {
      "mode": "managed",
      "type": "mist_org_service",
      "name": "service_73",
      "provider": "provider[\"registry.terraform.io/juniper/mist\"]",
      "instances": [
        {
          "schema_version": 0,
          "attributes": {
            "addresses": [
              "{{branch_ip}}.25/32"
            ],
            "app_categories": [],
            "app_subcategories": [],
            "apps": [],
            "description": null,
            "dscp": null,
            "failover_policy": "revertable",
            "hostnames": [],
            "id": "653d98e8-c7a0-45be-9a93-478787788ba9",
            "max_jitter": null,
            "max_latency": null,
            "max_loss": null,
            "name": "10_X_Y_25-TCP_5173",
            "org_id": "b3e13549-d254-43d3-b62c-ce121b957327",
            "sle_enabled": false,
            "specs": [
              {
                "port_range": "5173-5173",
                "protocol": "tcp"
              }
            ],
            "ssr_relaxed_tcp_state_enforcement": false,
            "traffic_class": "best_effort",
            "traffic_type": "default",
            "type": "custom",
            "urls": []
          },
          "sensitive_attributes": [],
          "dependencies": [
            "mist_org.terraform_test"
          ]
        }
      ]
    },
    {
      "mode": "managed",
      "type": "mist_org_service",
      "name": "service_74",
      "provider": "provider[\"registry.terraform.io/juniper/mist\"]",
      "instances": [
        {
          "schema_version": 0,
          "attributes": {
            "addresses": [
              "{{branch_ip}}.160/27"
            ],
            "app_categories": [],
            "app_subcategories": [],
            "apps": [],
            "description": null,
            "dscp": null,
            "failover_policy": "revertable",
            "hostnames": [],
            "id": "3c0ed52d-6cf4-49e1-b4a5-a98771ca86cc",
            "max_jitter": null,
            "max_latency": null,
            "max_loss": null,
            "name": "10_X_Y_160-27-TCP_80",
            "org_id": "b3e13549-d254-43d3-b62c-ce121b957327",
            "sle_enabled": false,
            "specs": [
              {
                "port_range": "80-80",
                "protocol": "tcp"
              }
            ],
            "ssr_relaxed_tcp_state_enforcement": false,
            "traffic_class": "best_effort",
            "traffic_type": "default",
            "type": "custom",
            "urls": []
          },
          "sensitive_attributes": [],
          "dependencies": [
            "mist_org.terraform_test"
          ]
        }
      ]
    },
    {
      "mode": "managed",
      "type": "mist_org_service",
      "name": "service_75",
      "provider": "provider[\"registry.terraform.io/juniper/mist\"]",
      "instances": [
        {
          "schema_version": 0,
          "attributes": {
            "addresses": [
              "{{branch_ip}}.25/32"
            ],
            "app_categories": [],
            "app_subcategories": [],
            "apps": [],
            "description": null,
            "dscp": null,
            "failover_policy": "revertable",
            "hostnames": [],
            "id": "051bb248-9e28-436d-8b07-c9c817bf12a8",
            "max_jitter": null,
            "max_latency": null,
            "max_loss": null,
            "name": "10_X_Y_25-TCP_8123",
            "org_id": "b3e13549-d254-43d3-b62c-ce121b957327",
            "sle_enabled": false,
            "specs": [
              {
                "port_range": "8123-8123",
                "protocol": "tcp"
              }
            ],
            "ssr_relaxed_tcp_state_enforcement": false,
            "traffic_class": "best_effort",
            "traffic_type": "default",
            "type": "custom",
            "urls": []
          },
          "sensitive_attributes": [],
          "dependencies": [
            "mist_org.terraform_test"
          ]
        }
      ]
    },
    {
      "mode": "managed",
      "type": "mist_org_service",
      "name": "service_76",
      "provider": "provider[\"registry.terraform.io/juniper/mist\"]",
      "instances": [
        {
          "schema_version": 0,
          "attributes": {
            "addresses": [
              "{{branch_ip}}.0/25"
            ],
            "app_categories": [],
            "app_subcategories": [],
            "apps": [],
            "description": null,
            "dscp": null,
            "failover_policy": "revertable",
            "hostnames": [],
            "id": "7a3ccb9b-e512-4ca6-b84d-6a8c90d58065",
            "max_jitter": null,
            "max_latency": null,
            "max_loss": null,
            "name": "10_X_Y_0-25-ANY",
            "org_id": "b3e13549-d254-43d3-b62c-ce121b957327",
            "sle_enabled": false,
            "specs": [
              {
                "port_range": null,
                "protocol": "any"
              }
            ],
            "ssr_relaxed_tcp_state_enforcement": false,
            "traffic_class": "best_effort",
            "traffic_type": "default",
            "type": "custom",
            "urls": []
          },
          "sensitive_attributes": [],
          "dependencies": [
            "mist_org.terraform_test"
          ]
        }
      ]
    },
    {
      "mode": "managed",
      "type": "mist_org_service",
      "name": "service_77",
      "provider": "provider[\"registry.terraform.io/juniper/mist\"]",
      "instances": [
        {
          "schema_version": 0,
          "attributes": {
            "addresses": [
              "{{iot_net_wired}}.160/32"
            ],
            "app_categories": [],
            "app_subcategories": [],
            "apps": [],
            "description": null,
            "dscp": null,
            "failover_policy": "revertable",
            "hostnames": [],
            "id": "042f630f-9b78-4117-afd1-88eb3296040e",
            "max_jitter": null,
            "max_latency": null,
            "max_loss": null,
            "name": "192_168_92_160-TCP_3255",
            "org_id": "b3e13549-d254-43d3-b62c-ce121b957327",
            "sle_enabled": false,
            "specs": [
              {
                "port_range": "3255-3255",
                "protocol": "tcp"
              }
            ],
            "ssr_relaxed_tcp_state_enforcement": false,
            "traffic_class": "best_effort",
            "traffic_type": "default",
            "type": "custom",
            "urls": []
          },
          "sensitive_attributes": [],
          "dependencies": [
            "mist_org.terraform_test"
          ]
        }
      ]
    },
    {
      "mode": "managed",
      "type": "mist_org_service",
      "name": "service_78",
      "provider": "provider[\"registry.terraform.io/juniper/mist\"]",
      "instances": [
        {
          "schema_version": 0,
          "attributes": {
            "addresses": [
              "{{iot_net_wired}}.198/32"
            ],
            "app_categories": [],
            "app_subcategories": [],
            "apps": [],
            "description": null,
            "dscp": null,
            "failover_policy": "revertable",
            "hostnames": [],
            "id": "bf54ecbc-3487-4cb5-bd79-bd7e5a7f2e5d",
            "max_jitter": null,
            "max_latency": null,
            "max_loss": null,
            "name": "192_168_92_198-TCP_8883",
            "org_id": "b3e13549-d254-43d3-b62c-ce121b957327",
            "sle_enabled": false,
            "specs": [
              {
                "port_range": "8883-8883",
                "protocol": "tcp"
              }
            ],
            "ssr_relaxed_tcp_state_enforcement": false,
            "traffic_class": "best_effort",
            "traffic_type": "default",
            "type": "custom",
            "urls": []
          },
          "sensitive_attributes": [],
          "dependencies": [
            "mist_org.terraform_test"
          ]
        }
      ]
    },
    {
      "mode": "managed",
      "type": "mist_org_service",
      "name": "service_79",
      "provider": "provider[\"registry.terraform.io/juniper/mist\"]",
      "instances": [
        {
          "schema_version": 0,
          "attributes": {
            "addresses": [
              "{{branch_ip}}.0/25"
            ],
            "app_categories": [],
            "app_subcategories": [],
            "apps": [],
            "description": null,
            "dscp": null,
            "failover_policy": "revertable",
            "hostnames": [],
            "id": "673ab7c0-4c04-403b-8ec4-d7e4c7c82fde",
            "max_jitter": null,
            "max_latency": null,
            "max_loss": null,
            "name": "10_X_Y_0-25-TCP_22500",
            "org_id": "b3e13549-d254-43d3-b62c-ce121b957327",
            "sle_enabled": false,
            "specs": [
              {
                "port_range": "22500-22500",
                "protocol": "tcp"
              }
            ],
            "ssr_relaxed_tcp_state_enforcement": false,
            "traffic_class": "best_effort",
            "traffic_type": "default",
            "type": "custom",
            "urls": []
          },
          "sensitive_attributes": [],
          "dependencies": [
            "mist_org.terraform_test"
          ]
        }
      ]
    },
    {
      "mode": "managed",
      "type": "mist_org_service",
      "name": "service_8",
      "provider": "provider[\"registry.terraform.io/juniper/mist\"]",
      "instances": [
        {
          "schema_version": 0,
          "attributes": {
            "addresses": [
              "{{branch_ip}}.160/27"
            ],
            "app_categories": [],
            "app_subcategories": [],
            "apps": [],
            "description": null,
            "dscp": null,
            "failover_policy": "revertable",
            "hostnames": [],
            "id": "4ce5942f-c363-45ce-ac5b-ec63db445c96",
            "max_jitter": null,
            "max_latency": null,
            "max_loss": null,
            "name": "10_X_Y_160-27-TCP_3333",
            "org_id": "b3e13549-d254-43d3-b62c-ce121b957327",
            "sle_enabled": false,
            "specs": [
              {
                "port_range": "3333-3333",
                "protocol": "tcp"
              }
            ],
            "ssr_relaxed_tcp_state_enforcement": false,
            "traffic_class": "best_effort",
            "traffic_type": "default",
            "type": "custom",
            "urls": []
          },
          "sensitive_attributes": [],
          "dependencies": [
            "mist_org.terraform_test"
          ]
        }
      ]
    },
    {
      "mode": "managed",
      "type": "mist_org_service",
      "name": "service_80",
      "provider": "provider[\"registry.terraform.io/juniper/mist\"]",
      "instances": [
        {
          "schema_version": 0,
          "attributes": {
            "addresses": [
              "172.16.0.0/16"
            ],
            "app_categories": [],
            "app_subcategories": [],
            "apps": [],
            "description": null,
            "dscp": null,
            "failover_policy": "revertable",
            "hostnames": [],
            "id": "1f477b8c-2a33-4f73-9899-6cf4c23dd612",
            "max_jitter": null,
            "max_latency": null,
            "max_loss": null,
            "name": "172_16_0_0-16-ANY",
            "org_id": "b3e13549-d254-43d3-b62c-ce121b957327",
            "sle_enabled": false,
            "specs": [
              {
                "port_range": null,
                "protocol": "any"
              }
            ],
            "ssr_relaxed_tcp_state_enforcement": false,
            "traffic_class": "best_effort",
            "traffic_type": "default",
            "type": "custom",
            "urls": []
          },
          "sensitive_attributes": [],
          "dependencies": [
            "mist_org.terraform_test"
          ]
        }
      ]
    },
    {
      "mode": "managed",
      "type": "mist_org_service",
      "name": "service_81",
      "provider": "provider[\"registry.terraform.io/juniper/mist\"]",
      "instances": [
        {
          "schema_version": 0,
          "attributes": {
            "addresses": [
              "{{iot_net_wired}}.198/32"
            ],
            "app_categories": [],
            "app_subcategories": [],
            "apps": [],
            "description": null,
            "dscp": null,
            "failover_policy": "revertable",
            "hostnames": [],
            "id": "5067fa0f-d466-4f2c-8f80-231ca0dbb6d5",
            "max_jitter": null,
            "max_latency": null,
            "max_loss": null,
            "name": "192_168_92_198-TCP_443",
            "org_id": "b3e13549-d254-43d3-b62c-ce121b957327",
            "sle_enabled": false,
            "specs": [
              {
                "port_range": "443-443",
                "protocol": "tcp"
              }
            ],
            "ssr_relaxed_tcp_state_enforcement": false,
            "traffic_class": "best_effort",
            "traffic_type": "default",
            "type": "custom",
            "urls": []
          },
          "sensitive_attributes": [],
          "dependencies": [
            "mist_org.terraform_test"
          ]
        }
      ]
    },
    {
      "mode": "managed",
      "type": "mist_org_service",
      "name": "service_82",
      "provider": "provider[\"registry.terraform.io/juniper/mist\"]",
      "instances": [
        {
          "schema_version": 0,
          "attributes": {
            "addresses": [
              "{{branch_ip}}.168/32"
            ],
            "app_categories": [],
            "app_subcategories": [],
            "apps": [],
            "description": null,
            "dscp": null,
            "failover_policy": "revertable",
            "hostnames": [],
            "id": "2f37c5d8-4fe3-4962-99e8-16b6cec974d5",
            "max_jitter": null,
            "max_latency": null,
            "max_loss": null,
            "name": "10_X_Y_168-TCP_225",
            "org_id": "b3e13549-d254-43d3-b62c-ce121b957327",
            "sle_enabled": false,
            "specs": [
              {
                "port_range": "225-225",
                "protocol": "tcp"
              }
            ],
            "ssr_relaxed_tcp_state_enforcement": false,
            "traffic_class": "best_effort",
            "traffic_type": "default",
            "type": "custom",
            "urls": []
          },
          "sensitive_attributes": [],
          "dependencies": [
            "mist_org.terraform_test"
          ]
        }
      ]
    },
    {
      "mode": "managed",
      "type": "mist_org_service",
      "name": "service_83",
      "provider": "provider[\"registry.terraform.io/juniper/mist\"]",
      "instances": [
        {
          "schema_version": 0,
          "attributes": {
            "addresses": [
              "{{branch_ip}}.225/32"
            ],
            "app_categories": [],
            "app_subcategories": [],
            "apps": [],
            "description": null,
            "dscp": null,
            "failover_policy": "revertable",
            "hostnames": [],
            "id": "18661a85-83a9-4409-b41d-a82458718132",
            "max_jitter": null,
            "max_latency": null,
            "max_loss": null,
            "name": "10_X_Y_225-UDP_53",
            "org_id": "b3e13549-d254-43d3-b62c-ce121b957327",
            "sle_enabled": false,
            "specs": [
              {
                "port_range": "53-53",
                "protocol": "udp"
              }
            ],
            "ssr_relaxed_tcp_state_enforcement": false,
            "traffic_class": "best_effort",
            "traffic_type": "default",
            "type": "custom",
            "urls": []
          },
          "sensitive_attributes": [],
          "dependencies": [
            "mist_org.terraform_test"
          ]
        }
      ]
    },
    {
      "mode": "managed",
      "type": "mist_org_service",
      "name": "service_84",
      "provider": "provider[\"registry.terraform.io/juniper/mist\"]",
      "instances": [
        {
          "schema_version": 0,
          "attributes": {
            "addresses": [
              "{{branch_ip}}.25/32"
            ],
            "app_categories": [],
            "app_subcategories": [],
            "apps": [],
            "description": null,
            "dscp": null,
            "failover_policy": "revertable",
            "hostnames": [],
            "id": "3570260c-0788-4ddb-bc29-37f1e4e308b4",
            "max_jitter": null,
            "max_latency": null,
            "max_loss": null,
            "name": "10_X_Y_25-TCP_8883",
            "org_id": "b3e13549-d254-43d3-b62c-ce121b957327",
            "sle_enabled": false,
            "specs": [
              {
                "port_range": "8883-8883",
                "protocol": "tcp"
              }
            ],
            "ssr_relaxed_tcp_state_enforcement": false,
            "traffic_class": "best_effort",
            "traffic_type": "default",
            "type": "custom",
            "urls": []
          },
          "sensitive_attributes": [],
          "dependencies": [
            "mist_org.terraform_test"
          ]
        }
      ]
    },
    {
      "mode": "managed",
      "type": "mist_org_service",
      "name": "service_85",
      "provider": "provider[\"registry.terraform.io/juniper/mist\"]",
      "instances": [
        {
          "schema_version": 0,
          "attributes": {
            "addresses": [
              "{{branch_ip}}.131/32"
            ],
            "app_categories": [],
            "app_subcategories": [],
            "apps": [],
            "description": null,
            "dscp": null,
            "failover_policy": "revertable",
            "hostnames": [],
            "id": "3f7dffdd-2b5a-4f61-9d2b-faf898408b76",
            "max_jitter": null,
            "max_latency": null,
            "max_loss": null,
            "name": "10_X_Y_131-TCP_5015",
            "org_id": "b3e13549-d254-43d3-b62c-ce121b957327",
            "sle_enabled": false,
            "specs": [
              {
                "port_range": "5015-5015",
                "protocol": "tcp"
              }
            ],
            "ssr_relaxed_tcp_state_enforcement": false,
            "traffic_class": "best_effort",
            "traffic_type": "default",
            "type": "custom",
            "urls": []
          },
          "sensitive_attributes": [],
          "dependencies": [
            "mist_org.terraform_test"
          ]
        }
      ]
    },
    {
      "mode": "managed",
      "type": "mist_org_service",
      "name": "service_86",
      "provider": "provider[\"registry.terraform.io/juniper/mist\"]",
      "instances": [
        {
          "schema_version": 0,
          "attributes": {
            "addresses": [
              "{{branch_ip}}.25/32"
            ],
            "app_categories": [],
            "app_subcategories": [],
            "apps": [],
            "description": null,
            "dscp": null,
            "failover_policy": "revertable",
            "hostnames": [],
            "id": "b95077a6-879e-4b5b-afbd-122bae79212c",
            "max_jitter": null,
            "max_latency": null,
            "max_loss": null,
            "name": "10_X_Y_25-TCP_1883",
            "org_id": "b3e13549-d254-43d3-b62c-ce121b957327",
            "sle_enabled": false,
            "specs": [
              {
                "port_range": "1883-1883",
                "protocol": "tcp"
              }
            ],
            "ssr_relaxed_tcp_state_enforcement": false,
            "traffic_class": "best_effort",
            "traffic_type": "default",
            "type": "custom",
            "urls": []
          },
          "sensitive_attributes": [],
          "dependencies": [
            "mist_org.terraform_test"
          ]
        }
      ]
    },
    {
      "mode": "managed",
      "type": "mist_org_service",
      "name": "service_87",
      "provider": "provider[\"registry.terraform.io/juniper/mist\"]",
      "instances": [
        {
          "schema_version": 0,
          "attributes": {
            "addresses": [
              "{{crew_network}}.0/24"
            ],
            "app_categories": [],
            "app_subcategories": [],
            "apps": [],
            "description": null,
            "dscp": null,
            "failover_policy": "revertable",
            "hostnames": [],
            "id": "cacc7f0a-55f2-4970-9ffd-1ec8f8f8d54b",
            "max_jitter": null,
            "max_latency": null,
            "max_loss": null,
            "name": "192_168_6_0-24-ANY",
            "org_id": "b3e13549-d254-43d3-b62c-ce121b957327",
            "sle_enabled": false,
            "specs": [
              {
                "port_range": null,
                "protocol": "any"
              }
            ],
            "ssr_relaxed_tcp_state_enforcement": false,
            "traffic_class": "best_effort",
            "traffic_type": "default",
            "type": "custom",
            "urls": []
          },
          "sensitive_attributes": [],
          "dependencies": [
            "mist_org.terraform_test"
          ]
        }
      ]
    },
    {
      "mode": "managed",
      "type": "mist_org_service",
      "name": "service_88",
      "provider": "provider[\"registry.terraform.io/juniper/mist\"]",
      "instances": [
        {
          "schema_version": 0,
          "attributes": {
            "addresses": [
              "{{branch_ip}}.160/27"
            ],
            "app_categories": [],
            "app_subcategories": [],
            "apps": [],
            "description": null,
            "dscp": null,
            "failover_policy": "revertable",
            "hostnames": [],
            "id": "e7c2696a-d709-4469-9067-a1a8bc910c4f",
            "max_jitter": null,
            "max_latency": null,
            "max_loss": null,
            "name": "10_X_Y_160-27-TCP_8888",
            "org_id": "b3e13549-d254-43d3-b62c-ce121b957327",
            "sle_enabled": false,
            "specs": [
              {
                "port_range": "8888-8888",
                "protocol": "tcp"
              }
            ],
            "ssr_relaxed_tcp_state_enforcement": false,
            "traffic_class": "best_effort",
            "traffic_type": "default",
            "type": "custom",
            "urls": []
          },
          "sensitive_attributes": [],
          "dependencies": [
            "mist_org.terraform_test"
          ]
        }
      ]
    },
    {
      "mode": "managed",
      "type": "mist_org_service",
      "name": "service_89",
      "provider": "provider[\"registry.terraform.io/juniper/mist\"]",
      "instances": [
        {
          "schema_version": 0,
          "attributes": {
            "addresses": [
              "{{branch_ip}}.25/32"
            ],
            "app_categories": [],
            "app_subcategories": [],
            "apps": [],
            "description": null,
            "dscp": null,
            "failover_policy": "revertable",
            "hostnames": [],
            "id": "ffdba4a7-4dcb-4372-b926-f5a7bd33193c",
            "max_jitter": null,
            "max_latency": null,
            "max_loss": null,
            "name": "10_X_Y_25-ICMP",
            "org_id": "b3e13549-d254-43d3-b62c-ce121b957327",
            "sle_enabled": false,
            "specs": [
              {
                "port_range": null,
                "protocol": "icmp"
              }
            ],
            "ssr_relaxed_tcp_state_enforcement": false,
            "traffic_class": "best_effort",
            "traffic_type": "default",
            "type": "custom",
            "urls": []
          },
          "sensitive_attributes": [],
          "dependencies": [
            "mist_org.terraform_test"
          ]
        }
      ]
    },
    {
      "mode": "managed",
      "type": "mist_org_service",
      "name": "service_9",
      "provider": "provider[\"registry.terraform.io/juniper/mist\"]",
      "instances": [
        {
          "schema_version": 0,
          "attributes": {
            "addresses": [
              "{{branch_no_routable}}.130/32"
            ],
            "app_categories": [],
            "app_subcategories": [],
            "apps": [],
            "description": null,
            "dscp": null,
            "failover_policy": "revertable",
            "hostnames": [],
            "id": "60d437f8-9a5e-44f2-a717-37f33c4a98a5",
            "max_jitter": null,
            "max_latency": null,
            "max_loss": null,
            "name": "192_168_90_130-TCP_2000",
            "org_id": "b3e13549-d254-43d3-b62c-ce121b957327",
            "sle_enabled": false,
            "specs": [
              {
                "port_range": "2000-2000",
                "protocol": "tcp"
              }
            ],
            "ssr_relaxed_tcp_state_enforcement": false,
            "traffic_class": "best_effort",
            "traffic_type": "default",
            "type": "custom",
            "urls": []
          },
          "sensitive_attributes": [],
          "dependencies": [
            "mist_org.terraform_test"
          ]
        }
      ]
    },
    {
      "mode": "managed",
      "type": "mist_org_service",
      "name": "service_90",
      "provider": "provider[\"registry.terraform.io/juniper/mist\"]",
      "instances": [
        {
          "schema_version": 0,
          "attributes": {
            "addresses": [
              "{{branch_ip}}.51/32"
            ],
            "app_categories": [],
            "app_subcategories": [],
            "apps": [],
            "description": null,
            "dscp": null,
            "failover_policy": "revertable",
            "hostnames": [],
            "id": "c5a89720-d3b0-4702-a56d-0f4438da4be8",
            "max_jitter": null,
            "max_latency": null,
            "max_loss": null,
            "name": "10_X_Y_51-UDP_123",
            "org_id": "b3e13549-d254-43d3-b62c-ce121b957327",
            "sle_enabled": false,
            "specs": [
              {
                "port_range": "123-123",
                "protocol": "udp"
              }
            ],
            "ssr_relaxed_tcp_state_enforcement": false,
            "traffic_class": "best_effort",
            "traffic_type": "default",
            "type": "custom",
            "urls": []
          },
          "sensitive_attributes": [],
          "dependencies": [
            "mist_org.terraform_test"
          ]
        }
      ]
    },
    {
      "mode": "managed",
      "type": "mist_org_service",
      "name": "service_91",
      "provider": "provider[\"registry.terraform.io/juniper/mist\"]",
      "instances": [
        {
          "schema_version": 0,
          "attributes": {
            "addresses": [
              "{{iot_net_wired}}.168/32"
            ],
            "app_categories": [],
            "app_subcategories": [],
            "apps": [],
            "description": null,
            "dscp": null,
            "failover_policy": "revertable",
            "hostnames": [],
            "id": "c12b8f60-b183-4e4a-85ff-d5260c461470",
            "max_jitter": null,
            "max_latency": null,
            "max_loss": null,
            "name": "192_168_92_168-UDP_65535",
            "org_id": "b3e13549-d254-43d3-b62c-ce121b957327",
            "sle_enabled": false,
            "specs": [
              {
                "port_range": "65535-65535",
                "protocol": "udp"
              }
            ],
            "ssr_relaxed_tcp_state_enforcement": false,
            "traffic_class": "best_effort",
            "traffic_type": "default",
            "type": "custom",
            "urls": []
          },
          "sensitive_attributes": [],
          "dependencies": [
            "mist_org.terraform_test"
          ]
        }
      ]
    },
    {
      "mode": "managed",
      "type": "mist_org_service",
      "name": "service_92",
      "provider": "provider[\"registry.terraform.io/juniper/mist\"]",
      "instances": [
        {
          "schema_version": 0,
          "attributes": {
            "addresses": [
              "{{iot_net_wired}}.168/32"
            ],
            "app_categories": [],
            "app_subcategories": [],
            "apps": [],
            "description": null,
            "dscp": null,
            "failover_policy": "revertable",
            "hostnames": [],
            "id": "6f1eda37-d080-471e-83a5-742ffe64279c",
            "max_jitter": null,
            "max_latency": null,
            "max_loss": null,
            "name": "192_168_92_168-TCP_10001",
            "org_id": "b3e13549-d254-43d3-b62c-ce121b957327",
            "sle_enabled": false,
            "specs": [
              {
                "port_range": "10001-10001",
                "protocol": "tcp"
              }
            ],
            "ssr_relaxed_tcp_state_enforcement": false,
            "traffic_class": "best_effort",
            "traffic_type": "default",
            "type": "custom",
            "urls": []
          },
          "sensitive_attributes": [],
          "dependencies": [
            "mist_org.terraform_test"
          ]
        }
      ]
    },
    {
      "mode": "managed",
      "type": "mist_org_service",
      "name": "service_93",
      "provider": "provider[\"registry.terraform.io/juniper/mist\"]",
      "instances": [
        {
          "schema_version": 0,
          "attributes": {
            "addresses": [
              "{{branch_no_routable}}.129/32"
            ],
            "app_categories": [],
            "app_subcategories": [],
            "apps": [],
            "description": null,
            "dscp": null,
            "failover_policy": "revertable",
            "hostnames": [],
            "id": "60bb44a2-fd12-40b3-9397-52bcdc27b86a",
            "max_jitter": null,
            "max_latency": null,
            "max_loss": null,
            "name": "192_168_90_129-ICMP",
            "org_id": "b3e13549-d254-43d3-b62c-ce121b957327",
            "sle_enabled": false,
            "specs": [
              {
                "port_range": null,
                "protocol": "icmp"
              }
            ],
            "ssr_relaxed_tcp_state_enforcement": false,
            "traffic_class": "best_effort",
            "traffic_type": "default",
            "type": "custom",
            "urls": []
          },
          "sensitive_attributes": [],
          "dependencies": [
            "mist_org.terraform_test"
          ]
        }
      ]
    },
    {
      "mode": "managed",
      "type": "mist_org_service",
      "name": "service_94",
      "provider": "provider[\"registry.terraform.io/juniper/mist\"]",
      "instances": [
        {
          "schema_version": 0,
          "attributes": {
            "addresses": [
              "{{branch_no_routable}}.130/32"
            ],
            "app_categories": [],
            "app_subcategories": [],
            "apps": [],
            "description": null,
            "dscp": null,
            "failover_policy": "revertable",
            "hostnames": [],
            "id": "eca11169-28ac-4400-8fca-49b878d92451",
            "max_jitter": null,
            "max_latency": null,
            "max_loss": null,
            "name": "192_168_90_130-UDP_20000",
            "org_id": "b3e13549-d254-43d3-b62c-ce121b957327",
            "sle_enabled": false,
            "specs": [
              {
                "port_range": "20000-20000",
                "protocol": "udp"
              }
            ],
            "ssr_relaxed_tcp_state_enforcement": false,
            "traffic_class": "best_effort",
            "traffic_type": "default",
            "type": "custom",
            "urls": []
          },
          "sensitive_attributes": [],
          "dependencies": [
            "mist_org.terraform_test"
          ]
        }
      ]
    },
    {
      "mode": "managed",
      "type": "mist_org_service",
      "name": "service_95",
      "provider": "provider[\"registry.terraform.io/juniper/mist\"]",
      "instances": [
        {
          "schema_version": 0,
          "attributes": {
            "addresses": [
              "{{iot_net_wired}}.166/32"
            ],
            "app_categories": [],
            "app_subcategories": [],
            "apps": [],
            "description": null,
            "dscp": null,
            "failover_policy": "revertable",
            "hostnames": [],
            "id": "1fb8afce-3fb3-4483-abda-31fccea506a5",
            "max_jitter": null,
            "max_latency": null,
            "max_loss": null,
            "name": "192_168_92_166-TCP_80",
            "org_id": "b3e13549-d254-43d3-b62c-ce121b957327",
            "sle_enabled": false,
            "specs": [
              {
                "port_range": "80-80",
                "protocol": "tcp"
              }
            ],
            "ssr_relaxed_tcp_state_enforcement": false,
            "traffic_class": "best_effort",
            "traffic_type": "default",
            "type": "custom",
            "urls": []
          },
          "sensitive_attributes": [],
          "dependencies": [
            "mist_org.terraform_test"
          ]
        }
      ]
    },
    {
      "mode": "managed",
      "type": "mist_org_service",
      "name": "service_96",
      "provider": "provider[\"registry.terraform.io/juniper/mist\"]",
      "instances": [
        {
          "schema_version": 0,
          "attributes": {
            "addresses": [
              "{{branch_ip}}.1/32"
            ],
            "app_categories": [],
            "app_subcategories": [],
            "apps": [],
            "description": null,
            "dscp": null,
            "failover_policy": "revertable",
            "hostnames": [],
            "id": "25afd31e-11b0-4d5d-a516-1127708379ca",
            "max_jitter": null,
            "max_latency": null,
            "max_loss": null,
            "name": "10_X_Y_1-TCP_8123",
            "org_id": "b3e13549-d254-43d3-b62c-ce121b957327",
            "sle_enabled": false,
            "specs": [
              {
                "port_range": "8123-8123",
                "protocol": "tcp"
              }
            ],
            "ssr_relaxed_tcp_state_enforcement": false,
            "traffic_class": "best_effort",
            "traffic_type": "default",
            "type": "custom",
            "urls": []
          },
          "sensitive_attributes": [],
          "dependencies": [
            "mist_org.terraform_test"
          ]
        }
      ]
    },
    {
      "mode": "managed",
      "type": "mist_org_service",
      "name": "service_97",
      "provider": "provider[\"registry.terraform.io/juniper/mist\"]",
      "instances": [
        {
          "schema_version": 0,
          "attributes": {
            "addresses": [
              "{{branch_ip}}.160/27"
            ],
            "app_categories": [],
            "app_subcategories": [],
            "apps": [],
            "description": null,
            "dscp": null,
            "failover_policy": "revertable",
            "hostnames": [],
            "id": "cd05284e-a87d-48e3-8b09-931cd057fa8f",
            "max_jitter": null,
            "max_latency": null,
            "max_loss": null,
            "name": "10_X_Y_160-27-TCP_4983",
            "org_id": "b3e13549-d254-43d3-b62c-ce121b957327",
            "sle_enabled": false,
            "specs": [
              {
                "port_range": "4983-4983",
                "protocol": "tcp"
              }
            ],
            "ssr_relaxed_tcp_state_enforcement": false,
            "traffic_class": "best_effort",
            "traffic_type": "default",
            "type": "custom",
            "urls": []
          },
          "sensitive_attributes": [],
          "dependencies": [
            "mist_org.terraform_test"
          ]
        }
      ]
    },
    {
      "mode": "managed",
      "type": "mist_org_service",
      "name": "service_98",
      "provider": "provider[\"registry.terraform.io/juniper/mist\"]",
      "instances": [
        {
          "schema_version": 0,
          "attributes": {
            "addresses": [
              "{{iot_net_wired}}.0/24"
            ],
            "app_categories": [],
            "app_subcategories": [],
            "apps": [],
            "description": null,
            "dscp": null,
            "failover_policy": "revertable",
            "hostnames": [],
            "id": "c17b4b8d-294e-4e86-8816-c996c810508d",
            "max_jitter": null,
            "max_latency": null,
            "max_loss": null,
            "name": "192_168_92_0-24-TCP_502",
            "org_id": "b3e13549-d254-43d3-b62c-ce121b957327",
            "sle_enabled": false,
            "specs": [
              {
                "port_range": "502-502",
                "protocol": "tcp"
              }
            ],
            "ssr_relaxed_tcp_state_enforcement": false,
            "traffic_class": "best_effort",
            "traffic_type": "default",
            "type": "custom",
            "urls": []
          },
          "sensitive_attributes": [],
          "dependencies": [
            "mist_org.terraform_test"
          ]
        }
      ]
    },
    {
      "mode": "managed",
      "type": "mist_org_service",
      "name": "service_99",
      "provider": "provider[\"registry.terraform.io/juniper/mist\"]",
      "instances": [
        {
          "schema_version": 0,
          "attributes": {
            "addresses": [
              "192.168.0.0/16"
            ],
            "app_categories": [],
            "app_subcategories": [],
            "apps": [],
            "description": null,
            "dscp": null,
            "failover_policy": "revertable",
            "hostnames": [],
            "id": "bca0e35c-5e07-495e-b188-617050c71f59",
            "max_jitter": null,
            "max_latency": null,
            "max_loss": null,
            "name": "192_168_0_0-16-ANY",
            "org_id": "b3e13549-d254-43d3-b62c-ce121b957327",
            "sle_enabled": false,
            "specs": [
              {
                "port_range": null,
                "protocol": "any"
              }
            ],
            "ssr_relaxed_tcp_state_enforcement": false,
            "traffic_class": "best_effort",
            "traffic_type": "default",
            "type": "custom",
            "urls": []
          },
          "sensitive_attributes": [],
          "dependencies": [
            "mist_org.terraform_test"
          ]
        }
      ]
    },
    {
      "mode": "managed",
      "type": "mist_org_servicepolicy",
      "name": "servicepolicy_0",
      "provider": "provider[\"registry.terraform.io/juniper/mist\"]",
      "instances": [
        {
          "schema_version": 0,
          "attributes": {
            "action": "allow",
            "appqoe": null,
            "ewf": null,
            "id": "49d3b749-9bbb-420c-865f-8f0e5f6b4e83",
            "idp": {
              "alert_only": null,
              "enabled": false,
              "idpprofile_id": null,
              "profile": "strict"
            },
            "local_routing": false,
            "name": "022_410-492-bi-com-3-VLAN410",
            "org_id": "b3e13549-d254-43d3-b62c-ce121b957327",
            "path_preference": null,
            "services": [
              "192_168_92_50-ICMP"
            ],
            "tenants": [
              "CORE_25.CORE_VLAN410"
            ]
          },
          "sensitive_attributes": [],
          "dependencies": [
            "mist_org.terraform_test"
          ]
        }
      ]
    },
    {
      "mode": "managed",
      "type": "mist_org_servicepolicy",
      "name": "servicepolicy_1",
      "provider": "provider[\"registry.terraform.io/juniper/mist\"]",
      "instances": [
        {
          "schema_version": 0,
          "attributes": {
            "action": "allow",
            "appqoe": null,
            "ewf": null,
            "id": "3df3872b-e770-4229-87d4-6f9a12759ffe",
            "idp": {
              "alert_only": null,
              "enabled": false,
              "idpprofile_id": null,
              "profile": "strict"
            },
            "local_routing": false,
            "name": "089_410-cod-6-VLAN430",
            "org_id": "b3e13549-d254-43d3-b62c-ce121b957327",
            "path_preference": null,
            "services": [
              "10_X_Y_168-TCP_225"
            ],
            "tenants": [
              "CORE_12.CORE_VLAN410"
            ]
          },
          "sensitive_attributes": [],
          "dependencies": [
            "mist_org.terraform_test"
          ]
        }
      ]
    },
    {
      "mode": "managed",
      "type": "mist_org_servicepolicy",
      "name": "servicepolicy_10",
      "provider": "provider[\"registry.terraform.io/juniper/mist\"]",
      "instances": [
        {
          "schema_version": 0,
          "attributes": {
            "action": "allow",
            "appqoe": null,
            "ewf": null,
            "id": "02366503-15bd-4ab7-b892-356f3d5c6af4",
            "idp": {
              "alert_only": null,
              "enabled": false,
              "idpprofile_id": null,
              "profile": "strict"
            },
            "local_routing": false,
            "name": "185_410-492-bi-comm-1-VLAN492",
            "org_id": "b3e13549-d254-43d3-b62c-ce121b957327",
            "path_preference": null,
            "services": [
              "10_X_Y_25-ICMP"
            ],
            "tenants": [
              "IOT_WIRED_50.IOT_WIRED_VLAN492"
            ]
          },
          "sensitive_attributes": [],
          "dependencies": [
            "mist_org.terraform_test"
          ]
        }
      ]
    },
    {
      "mode": "managed",
      "type": "mist_org_servicepolicy",
      "name": "servicepolicy_100",
      "provider": "provider[\"registry.terraform.io/juniper/mist\"]",
      "instances": [
        {
          "schema_version": 0,
          "attributes": {
            "action": "allow",
            "appqoe": null,
            "ewf": null,
            "id": "dfebfd02-3fe1-402f-9a70-87fa6c3744fc",
            "idp": {
              "alert_only": null,
              "enabled": false,
              "idpprofile_id": null,
              "profile": "strict"
            },
            "local_routing": false,
            "name": "156_livestore-sec-cam-5-VLAN490",
            "org_id": "b3e13549-d254-43d3-b62c-ce121b957327",
            "path_preference": null,
            "services": [
              "192_168_90_130-UDP_20000"
            ],
            "tenants": [
              "CORE_51.CORE_VLAN410"
            ]
          },
          "sensitive_attributes": [],
          "dependencies": [
            "mist_org.terraform_test"
          ]
        }
      ]
    },
    {
      "mode": "managed",
      "type": "mist_org_servicepolicy",
      "name": "servicepolicy_101",
      "provider": "provider[\"registry.terraform.io/juniper/mist\"]",
      "instances": [
        {
          "schema_version": 0,
          "attributes": {
            "action": "allow",
            "appqoe": null,
            "ewf": null,
            "id": "0f90fd21-8ebe-4a9c-a1ec-f92e83090754",
            "idp": {
              "alert_only": null,
              "enabled": false,
              "idpprofile_id": null,
              "profile": "strict"
            },
            "local_routing": false,
            "name": "163_491-control-3-VLAN491",
            "org_id": "b3e13549-d254-43d3-b62c-ce121b957327",
            "path_preference": null,
            "services": [
              "ICMP_ANY"
            ],
            "tenants": [
              "PRIVATE_VLAN491"
            ]
          },
          "sensitive_attributes": [],
          "dependencies": [
            "mist_org.terraform_test"
          ]
        }
      ]
    },
    {
      "mode": "managed",
      "type": "mist_org_servicepolicy",
      "name": "servicepolicy_102",
      "provider": "provider[\"registry.terraform.io/juniper/mist\"]",
      "instances": [
        {
          "schema_version": 0,
          "attributes": {
            "action": "allow",
            "appqoe": null,
            "ewf": null,
            "id": "0668c9eb-4577-48fa-b5e7-e59fcd7f4526",
            "idp": {
              "alert_only": null,
              "enabled": false,
              "idpprofile_id": null,
              "profile": "strict"
            },
            "local_routing": false,
            "name": "233b_494-control-7-VLAN494",
            "org_id": "b3e13549-d254-43d3-b62c-ce121b957327",
            "path_preference": null,
            "services": [
              "10_X_Y_129-UDP_53"
            ],
            "tenants": [
              "IOT_WIRELESS_VLAN494"
            ]
          },
          "sensitive_attributes": [],
          "dependencies": [
            "mist_org.terraform_test"
          ]
        }
      ]
    },
    {
      "mode": "managed",
      "type": "mist_org_servicepolicy",
      "name": "servicepolicy_103",
      "provider": "provider[\"registry.terraform.io/juniper/mist\"]",
      "instances": [
        {
          "schema_version": 0,
          "attributes": {
            "action": "deny",
            "appqoe": null,
            "ewf": null,
            "id": "2dcd1464-10b9-450f-ba2a-be18280e80d5",
            "idp": {
              "alert_only": null,
              "enabled": false,
              "idpprofile_id": null,
              "profile": "strict"
            },
            "local_routing": false,
            "name": "159_papi-block-0-VLAN491",
            "org_id": "b3e13549-d254-43d3-b62c-ce121b957327",
            "path_preference": null,
            "services": [
              "ANY-UDP_8209"
            ],
            "tenants": [
              "PRIVATE_VLAN491"
            ]
          },
          "sensitive_attributes": [],
          "dependencies": [
            "mist_org.terraform_test"
          ]
        }
      ]
    },
    {
      "mode": "managed",
      "type": "mist_org_servicepolicy",
      "name": "servicepolicy_104",
      "provider": "provider[\"registry.terraform.io/juniper/mist\"]",
      "instances": [
        {
          "schema_version": 0,
          "attributes": {
            "action": "allow",
            "appqoe": null,
            "ewf": null,
            "id": "b127c176-b0ae-4008-98da-0300304110ea",
            "idp": {
              "alert_only": null,
              "enabled": false,
              "idpprofile_id": null,
              "profile": "strict"
            },
            "local_routing": false,
            "name": "233c_494-control-7-VLAN494",
            "org_id": "b3e13549-d254-43d3-b62c-ce121b957327",
            "path_preference": null,
            "services": [
              "10_X_Y_161-UDP_53"
            ],
            "tenants": [
              "IOT_WIRELESS_VLAN494"
            ]
          },
          "sensitive_attributes": [],
          "dependencies": [
            "mist_org.terraform_test"
          ]
        }
      ]
    },
    {
      "mode": "managed",
      "type": "mist_org_servicepolicy",
      "name": "servicepolicy_105",
      "provider": "provider[\"registry.terraform.io/juniper/mist\"]",
      "instances": [
        {
          "schema_version": 0,
          "attributes": {
            "action": "deny",
            "appqoe": null,
            "ewf": null,
            "id": "f7888a40-51a0-49c2-b123-0e71ccdab52d",
            "idp": {
              "alert_only": null,
              "enabled": false,
              "idpprofile_id": null,
              "profile": "strict"
            },
            "local_routing": false,
            "name": "160_papi-block-1-VLAN491",
            "org_id": "b3e13549-d254-43d3-b62c-ce121b957327",
            "path_preference": null,
            "services": [
              "ANY-UDP_8211"
            ],
            "tenants": [
              "PRIVATE_VLAN491"
            ]
          },
          "sensitive_attributes": [],
          "dependencies": [
            "mist_org.terraform_test"
          ]
        }
      ]
    },
    {
      "mode": "managed",
      "type": "mist_org_servicepolicy",
      "name": "servicepolicy_106",
      "provider": "provider[\"registry.terraform.io/juniper/mist\"]",
      "instances": [
        {
          "schema_version": 0,
          "attributes": {
            "action": "allow",
            "appqoe": null,
            "ewf": null,
            "id": "e53cd914-6eb4-455a-9aaa-8a2743c76c17",
            "idp": {
              "alert_only": null,
              "enabled": false,
              "idpprofile_id": null,
              "profile": "strict"
            },
            "local_routing": false,
            "name": "233g_494-control-7-VLAN494",
            "org_id": "b3e13549-d254-43d3-b62c-ce121b957327",
            "path_preference": null,
            "services": [
              "192_168_91_1-UDP_53"
            ],
            "tenants": [
              "IOT_WIRELESS_VLAN494"
            ]
          },
          "sensitive_attributes": [],
          "dependencies": [
            "mist_org.terraform_test"
          ]
        }
      ]
    },
    {
      "mode": "managed",
      "type": "mist_org_servicepolicy",
      "name": "servicepolicy_107",
      "provider": "provider[\"registry.terraform.io/juniper/mist\"]",
      "instances": [
        {
          "schema_version": 0,
          "attributes": {
            "action": "allow",
            "appqoe": null,
            "ewf": null,
            "id": "34ee468f-e184-4943-8bf7-93a12e134093",
            "idp": {
              "alert_only": null,
              "enabled": false,
              "idpprofile_id": null,
              "profile": "strict"
            },
            "local_routing": false,
            "name": "176f_492-control-7-VLAN492",
            "org_id": "b3e13549-d254-43d3-b62c-ce121b957327",
            "path_preference": null,
            "services": [
              "192_168_94_1-UDP_53"
            ],
            "tenants": [
              "IOT_WIRED_VLAN492"
            ]
          },
          "sensitive_attributes": [],
          "dependencies": [
            "mist_org.terraform_test"
          ]
        }
      ]
    },
    {
      "mode": "managed",
      "type": "mist_org_servicepolicy",
      "name": "servicepolicy_108",
      "provider": "provider[\"registry.terraform.io/juniper/mist\"]",
      "instances": [
        {
          "schema_version": 0,
          "attributes": {
            "action": "allow",
            "appqoe": null,
            "ewf": null,
            "id": "011a9d5c-e619-46c7-b3da-cf9c75346ee8",
            "idp": {
              "alert_only": null,
              "enabled": false,
              "idpprofile_id": null,
              "profile": "strict"
            },
            "local_routing": false,
            "name": "164_491-control-4-VLAN491",
            "org_id": "b3e13549-d254-43d3-b62c-ce121b957327",
            "path_preference": null,
            "services": [
              "10_X_Y_25-UDP_123"
            ],
            "tenants": [
              "PRIVATE_VLAN491"
            ]
          },
          "sensitive_attributes": [],
          "dependencies": [
            "mist_org.terraform_test"
          ]
        }
      ]
    },
    {
      "mode": "managed",
      "type": "mist_org_servicepolicy",
      "name": "servicepolicy_109",
      "provider": "provider[\"registry.terraform.io/juniper/mist\"]",
      "instances": [
        {
          "schema_version": 0,
          "attributes": {
            "action": "allow",
            "appqoe": null,
            "ewf": null,
            "id": "0b10dd75-4789-475b-93b8-3041d31bf849",
            "idp": {
              "alert_only": null,
              "enabled": false,
              "idpprofile_id": null,
              "profile": "strict"
            },
            "local_routing": false,
            "name": "233h_494-control-7-VLAN494",
            "org_id": "b3e13549-d254-43d3-b62c-ce121b957327",
            "path_preference": null,
            "services": [
              "192_168_92_1-UDP_53"
            ],
            "tenants": [
              "IOT_WIRELESS_VLAN494"
            ]
          },
          "sensitive_attributes": [],
          "dependencies": [
            "mist_org.terraform_test"
          ]
        }
      ]
    },
    {
      "mode": "managed",
      "type": "mist_org_servicepolicy",
      "name": "servicepolicy_11",
      "provider": "provider[\"registry.terraform.io/juniper/mist\"]",
      "instances": [
        {
          "schema_version": 0,
          "attributes": {
            "action": "allow",
            "appqoe": null,
            "ewf": null,
            "id": "2675e4b2-54ef-48f2-8e2e-9988e1dc1817",
            "idp": {
              "alert_only": null,
              "enabled": false,
              "idpprofile_id": null,
              "profile": "strict"
            },
            "local_routing": false,
            "name": "020_410-492-bi-com-1-VLAN410",
            "org_id": "b3e13549-d254-43d3-b62c-ce121b957327",
            "path_preference": null,
            "services": [
              "10_X_Y_25-ICMP"
            ],
            "tenants": [
              "IOT_WIRED_50.IOT_WIRED_VLAN492"
            ]
          },
          "sensitive_attributes": [],
          "dependencies": [
            "mist_org.terraform_test"
          ]
        }
      ]
    },
    {
      "mode": "managed",
      "type": "mist_org_servicepolicy",
      "name": "servicepolicy_110",
      "provider": "provider[\"registry.terraform.io/juniper/mist\"]",
      "instances": [
        {
          "schema_version": 0,
          "attributes": {
            "action": "allow",
            "appqoe": null,
            "ewf": null,
            "id": "3127f65f-47e2-45fc-b956-d448886e7a41",
            "idp": {
              "alert_only": null,
              "enabled": false,
              "idpprofile_id": null,
              "profile": "strict"
            },
            "local_routing": false,
            "name": "004_ped-devices-rules-3-VLAN410",
            "org_id": "b3e13549-d254-43d3-b62c-ce121b957327",
            "path_preference": null,
            "services": [
              "CORE-TCP-5173"
            ],
            "tenants": [
              "PED_DEVICES-CORE-DNS.CORE_VLAN410",
              "PED_DEVICES-RESTRICTED-DNS.RESTRICTED_VLAN420"
            ]
          },
          "sensitive_attributes": [],
          "dependencies": [
            "mist_org.terraform_test"
          ]
        }
      ]
    },
    {
      "mode": "managed",
      "type": "mist_org_servicepolicy",
      "name": "servicepolicy_111",
      "provider": "provider[\"registry.terraform.io/juniper/mist\"]",
      "instances": [
        {
          "schema_version": 0,
          "attributes": {
            "action": "deny",
            "appqoe": null,
            "ewf": null,
            "id": "a850e84f-f43f-437d-8255-b590dd2c6516",
            "idp": {
              "alert_only": null,
              "enabled": false,
              "idpprofile_id": null,
              "profile": "strict"
            },
            "local_routing": false,
            "name": "146_papi-block-0-VLAN490",
            "org_id": "b3e13549-d254-43d3-b62c-ce121b957327",
            "path_preference": null,
            "services": [
              "ANY-UDP_8209"
            ],
            "tenants": [
              "UNTRUSTED_VLAN490"
            ]
          },
          "sensitive_attributes": [],
          "dependencies": [
            "mist_org.terraform_test"
          ]
        }
      ]
    },
    {
      "mode": "managed",
      "type": "mist_org_servicepolicy",
      "name": "servicepolicy_112",
      "provider": "provider[\"registry.terraform.io/juniper/mist\"]",
      "instances": [
        {
          "schema_version": 0,
          "attributes": {
            "action": "deny",
            "appqoe": null,
            "ewf": null,
            "id": "6f3afc10-f940-4a47-bfa6-e3c984e603d9",
            "idp": {
              "alert_only": null,
              "enabled": false,
              "idpprofile_id": null,
              "profile": "strict"
            },
            "local_routing": false,
            "name": "147_papi-block-1-VLAN490",
            "org_id": "b3e13549-d254-43d3-b62c-ce121b957327",
            "path_preference": null,
            "services": [
              "ANY-UDP_8211"
            ],
            "tenants": [
              "UNTRUSTED_VLAN490"
            ]
          },
          "sensitive_attributes": [],
          "dependencies": [
            "mist_org.terraform_test"
          ]
        }
      ]
    },
    {
      "mode": "managed",
      "type": "mist_org_servicepolicy",
      "name": "servicepolicy_113",
      "provider": "provider[\"registry.terraform.io/juniper/mist\"]",
      "instances": [
        {
          "schema_version": 0,
          "attributes": {
            "action": "allow",
            "appqoe": null,
            "ewf": null,
            "id": "ca408764-89d0-4950-9f88-fd37c865b6e8",
            "idp": {
              "alert_only": null,
              "enabled": false,
              "idpprofile_id": null,
              "profile": "strict"
            },
            "local_routing": false,
            "name": "108_control-limited-3-VLAN451",
            "org_id": "b3e13549-d254-43d3-b62c-ce121b957327",
            "path_preference": null,
            "services": [
              "192_168_0_0-16-ICMP"
            ],
            "tenants": [
              "CREW_VLAN451"
            ]
          },
          "sensitive_attributes": [],
          "dependencies": [
            "mist_org.terraform_test"
          ]
        }
      ]
    },
    {
      "mode": "managed",
      "type": "mist_org_servicepolicy",
      "name": "servicepolicy_114",
      "provider": "provider[\"registry.terraform.io/juniper/mist\"]",
      "instances": [
        {
          "schema_version": 0,
          "attributes": {
            "action": "allow",
            "appqoe": null,
            "ewf": null,
            "id": "86ab97e8-d261-4991-a1e3-c99726381c24",
            "idp": {
              "alert_only": null,
              "enabled": false,
              "idpprofile_id": null,
              "profile": "strict"
            },
            "local_routing": false,
            "name": "165_491-control-5-VLAN491",
            "org_id": "b3e13549-d254-43d3-b62c-ce121b957327",
            "path_preference": null,
            "services": [
              "10_X_Y_51-UDP_123"
            ],
            "tenants": [
              "PRIVATE_VLAN491"
            ]
          },
          "sensitive_attributes": [],
          "dependencies": [
            "mist_org.terraform_test"
          ]
        }
      ]
    },
    {
      "mode": "managed",
      "type": "mist_org_servicepolicy",
      "name": "servicepolicy_115",
      "provider": "provider[\"registry.terraform.io/juniper/mist\"]",
      "instances": [
        {
          "schema_version": 0,
          "attributes": {
            "action": "allow",
            "appqoe": null,
            "ewf": null,
            "id": "5438cdad-1438-4186-b436-f255d9a03e0d",
            "idp": {
              "alert_only": null,
              "enabled": false,
              "idpprofile_id": null,
              "profile": "strict"
            },
            "local_routing": false,
            "name": "110_control-limited-5-VLAN451",
            "org_id": "b3e13549-d254-43d3-b62c-ce121b957327",
            "path_preference": null,
            "services": [
              "ANY-UDP_53"
            ],
            "tenants": [
              "CREW_VLAN451"
            ]
          },
          "sensitive_attributes": [],
          "dependencies": [
            "mist_org.terraform_test"
          ]
        }
      ]
    },
    {
      "mode": "managed",
      "type": "mist_org_servicepolicy",
      "name": "servicepolicy_116",
      "provider": "provider[\"registry.terraform.io/juniper/mist\"]",
      "instances": [
        {
          "schema_version": 0,
          "attributes": {
            "action": "allow",
            "appqoe": null,
            "ewf": null,
            "id": "7872c744-9bd2-40db-809c-8ac325c9792a",
            "idp": {
              "alert_only": null,
              "enabled": false,
              "idpprofile_id": null,
              "profile": "strict"
            },
            "local_routing": false,
            "name": "188_410-492-bi-comm-4-VLAN492",
            "org_id": "b3e13549-d254-43d3-b62c-ce121b957327",
            "path_preference": null,
            "services": [
              "192_168_92_50-ICMP"
            ],
            "tenants": [
              "CORE_VLAN410"
            ]
          },
          "sensitive_attributes": [],
          "dependencies": [
            "mist_org.terraform_test"
          ]
        }
      ]
    },
    {
      "mode": "managed",
      "type": "mist_org_servicepolicy",
      "name": "servicepolicy_117",
      "provider": "provider[\"registry.terraform.io/juniper/mist\"]",
      "instances": [
        {
          "schema_version": 0,
          "attributes": {
            "action": "allow",
            "appqoe": null,
            "ewf": null,
            "id": "ae1aa4f8-89c4-4f08-9720-7c35c4cd7a64",
            "idp": {
              "alert_only": null,
              "enabled": false,
              "idpprofile_id": null,
              "profile": "strict"
            },
            "local_routing": false,
            "name": "166a_491-control-6-VLAN491",
            "org_id": "b3e13549-d254-43d3-b62c-ce121b957327",
            "path_preference": null,
            "services": [
              "10_X_Y_62-UDP_123"
            ],
            "tenants": [
              "PRIVATE_VLAN491"
            ]
          },
          "sensitive_attributes": [],
          "dependencies": [
            "mist_org.terraform_test"
          ]
        }
      ]
    },
    {
      "mode": "managed",
      "type": "mist_org_servicepolicy",
      "name": "servicepolicy_118",
      "provider": "provider[\"registry.terraform.io/juniper/mist\"]",
      "instances": [
        {
          "schema_version": 0,
          "attributes": {
            "action": "allow",
            "appqoe": null,
            "ewf": null,
            "id": "da90114c-2564-48f0-84bc-2a7922f3c78a",
            "idp": {
              "alert_only": null,
              "enabled": false,
              "idpprofile_id": null,
              "profile": "strict"
            },
            "local_routing": false,
            "name": "176e_492-control-7-VLAN492",
            "org_id": "b3e13549-d254-43d3-b62c-ce121b957327",
            "path_preference": null,
            "services": [
              "192_168_91_1-UDP_53"
            ],
            "tenants": [
              "IOT_WIRED_VLAN492"
            ]
          },
          "sensitive_attributes": [],
          "dependencies": [
            "mist_org.terraform_test"
          ]
        }
      ]
    },
    {
      "mode": "managed",
      "type": "mist_org_servicepolicy",
      "name": "servicepolicy_119",
      "provider": "provider[\"registry.terraform.io/juniper/mist\"]",
      "instances": [
        {
          "schema_version": 0,
          "attributes": {
            "action": "allow",
            "appqoe": null,
            "ewf": null,
            "id": "c9743402-db5f-4f5e-94dc-3bf7e05c00a3",
            "idp": {
              "alert_only": null,
              "enabled": false,
              "idpprofile_id": null,
              "profile": "strict"
            },
            "local_routing": false,
            "name": "166b_491-control-6-VLAN491",
            "org_id": "b3e13549-d254-43d3-b62c-ce121b957327",
            "path_preference": null,
            "services": [
              "10_X_Y_129-UDP_123"
            ],
            "tenants": [
              "PRIVATE_VLAN491"
            ]
          },
          "sensitive_attributes": [],
          "dependencies": [
            "mist_org.terraform_test"
          ]
        }
      ]
    },
    {
      "mode": "managed",
      "type": "mist_org_servicepolicy",
      "name": "servicepolicy_12",
      "provider": "provider[\"registry.terraform.io/juniper/mist\"]",
      "instances": [
        {
          "schema_version": 0,
          "attributes": {
            "action": "allow",
            "appqoe": null,
            "ewf": null,
            "id": "b4745071-a3b2-4879-b3ec-4d262be84f67",
            "idp": {
              "alert_only": null,
              "enabled": false,
              "idpprofile_id": null,
              "profile": "strict"
            },
            "local_routing": false,
            "name": "036_410-cod-4-VLAN410",
            "org_id": "b3e13549-d254-43d3-b62c-ce121b957327",
            "path_preference": null,
            "services": [
              "10_X_Y_171-TCP_225"
            ],
            "tenants": [
              "CORE_25.CORE_VLAN410"
            ]
          },
          "sensitive_attributes": [],
          "dependencies": [
            "mist_org.terraform_test"
          ]
        }
      ]
    },
    {
      "mode": "managed",
      "type": "mist_org_servicepolicy",
      "name": "servicepolicy_120",
      "provider": "provider[\"registry.terraform.io/juniper/mist\"]",
      "instances": [
        {
          "schema_version": 0,
          "attributes": {
            "action": "allow",
            "appqoe": null,
            "ewf": null,
            "id": "cf37e65e-3f36-4bf4-b55e-93110e50cb91",
            "idp": {
              "alert_only": null,
              "enabled": false,
              "idpprofile_id": null,
              "profile": "strict"
            },
            "local_routing": false,
            "name": "002b-ped-devices-rules-0-VLAN410",
            "org_id": "b3e13549-d254-43d3-b62c-ce121b957327",
            "path_preference": null,
            "services": [
              "10_X_Y_161-UDP_53"
            ],
            "tenants": [
              "PED_DEVICES-CORE-DNS.CORE_VLAN410",
              "PED_DEVICES-RESTRICTED-DNS.RESTRICTED_VLAN420"
            ]
          },
          "sensitive_attributes": [],
          "dependencies": [
            "mist_org.terraform_test"
          ]
        }
      ]
    },
    {
      "mode": "managed",
      "type": "mist_org_servicepolicy",
      "name": "servicepolicy_121",
      "provider": "provider[\"registry.terraform.io/juniper/mist\"]",
      "instances": [
        {
          "schema_version": 0,
          "attributes": {
            "action": "allow",
            "appqoe": null,
            "ewf": null,
            "id": "158ae11f-ac75-4488-8d5c-d849fb09f167",
            "idp": {
              "alert_only": null,
              "enabled": false,
              "idpprofile_id": null,
              "profile": "strict"
            },
            "local_routing": false,
            "name": "166c_491-control-6-VLAN491",
            "org_id": "b3e13549-d254-43d3-b62c-ce121b957327",
            "path_preference": null,
            "services": [
              "10_X_Y_161-UDP_123"
            ],
            "tenants": [
              "PRIVATE_VLAN491"
            ]
          },
          "sensitive_attributes": [],
          "dependencies": [
            "mist_org.terraform_test"
          ]
        }
      ]
    },
    {
      "mode": "managed",
      "type": "mist_org_servicepolicy",
      "name": "servicepolicy_122",
      "provider": "provider[\"registry.terraform.io/juniper/mist\"]",
      "instances": [
        {
          "schema_version": 0,
          "attributes": {
            "action": "allow",
            "appqoe": null,
            "ewf": null,
            "id": "d27fba8b-f8ef-4430-b8fc-8638310a3fd5",
            "idp": {
              "alert_only": null,
              "enabled": false,
              "idpprofile_id": null,
              "profile": "strict"
            },
            "local_routing": false,
            "name": "002d-ped-devices-rules-0-VLAN410",
            "org_id": "b3e13549-d254-43d3-b62c-ce121b957327",
            "path_preference": null,
            "services": [
              "192_168_91_1-UDP_53"
            ],
            "tenants": [
              "PED_DEVICES-CORE-DNS.CORE_VLAN410",
              "PED_DEVICES-RESTRICTED-DNS.RESTRICTED_VLAN420"
            ]
          },
          "sensitive_attributes": [],
          "dependencies": [
            "mist_org.terraform_test"
          ]
        }
      ]
    },
    {
      "mode": "managed",
      "type": "mist_org_servicepolicy",
      "name": "servicepolicy_123",
      "provider": "provider[\"registry.terraform.io/juniper/mist\"]",
      "instances": [
        {
          "schema_version": 0,
          "attributes": {
            "action": "allow",
            "appqoe": null,
            "ewf": null,
            "id": "f21cbe61-ef96-4aa1-b3b8-d8308fa8778d",
            "idp": {
              "alert_only": null,
              "enabled": false,
              "idpprofile_id": null,
              "profile": "strict"
            },
            "local_routing": false,
            "name": "066g_ped-devices-rules-0-VLAN420",
            "org_id": "b3e13549-d254-43d3-b62c-ce121b957327",
            "path_preference": null,
            "services": [
              "192_168_94_1-UDP_53"
            ],
            "tenants": [
              "PED_DEVICES-CORE-DNS.CORE_VLAN410",
              "PED_DEVICES-RESTRICTED-DNS.RESTRICTED_VLAN420"
            ]
          },
          "sensitive_attributes": [],
          "dependencies": [
            "mist_org.terraform_test"
          ]
        }
      ]
    },
    {
      "mode": "managed",
      "type": "mist_org_servicepolicy",
      "name": "servicepolicy_124",
      "provider": "provider[\"registry.terraform.io/juniper/mist\"]",
      "instances": [
        {
          "schema_version": 0,
          "attributes": {
            "action": "allow",
            "appqoe": null,
            "ewf": null,
            "id": "28eba4dd-ca15-4a3b-8eb3-35f01ed9dca4",
            "idp": {
              "alert_only": null,
              "enabled": false,
              "idpprofile_id": null,
              "profile": "strict"
            },
            "local_routing": false,
            "name": "166f_491-control-6-VLAN491",
            "org_id": "b3e13549-d254-43d3-b62c-ce121b957327",
            "path_preference": null,
            "services": [
              "192_168_94_1-UDP_123"
            ],
            "tenants": [
              "PRIVATE_VLAN491"
            ]
          },
          "sensitive_attributes": [],
          "dependencies": [
            "mist_org.terraform_test"
          ]
        }
      ]
    },
    {
      "mode": "managed",
      "type": "mist_org_servicepolicy",
      "name": "servicepolicy_125",
      "provider": "provider[\"registry.terraform.io/juniper/mist\"]",
      "instances": [
        {
          "schema_version": 0,
          "attributes": {
            "action": "allow",
            "appqoe": null,
            "ewf": null,
            "id": "46ebb9ce-a5f5-4799-ba34-14c84dfb04d1",
            "idp": {
              "alert_only": null,
              "enabled": false,
              "idpprofile_id": null,
              "profile": "strict"
            },
            "local_routing": false,
            "name": "002e-ped-devices-rules-0-VLAN410",
            "org_id": "b3e13549-d254-43d3-b62c-ce121b957327",
            "path_preference": null,
            "services": [
              "192_168_92_1-UDP_53"
            ],
            "tenants": [
              "PED_DEVICES-CORE-DNS.CORE_VLAN410",
              "PED_DEVICES-RESTRICTED-DNS.RESTRICTED_VLAN420"
            ]
          },
          "sensitive_attributes": [],
          "dependencies": [
            "mist_org.terraform_test"
          ]
        }
      ]
    },
    {
      "mode": "managed",
      "type": "mist_org_servicepolicy",
      "name": "servicepolicy_126",
      "provider": "provider[\"registry.terraform.io/juniper/mist\"]",
      "instances": [
        {
          "schema_version": 0,
          "attributes": {
            "action": "allow",
            "appqoe": null,
            "ewf": null,
            "id": "b60ab03e-0890-4bd8-a7f1-f90fef13d58d",
            "idp": {
              "alert_only": null,
              "enabled": false,
              "idpprofile_id": null,
              "profile": "strict"
            },
            "local_routing": false,
            "name": "167e_491-control-6-VLAN491",
            "org_id": "b3e13549-d254-43d3-b62c-ce121b957327",
            "path_preference": null,
            "services": [
              "192_168_92_1-UDP_53"
            ],
            "tenants": [
              "PRIVATE_VLAN491"
            ]
          },
          "sensitive_attributes": [],
          "dependencies": [
            "mist_org.terraform_test"
          ]
        }
      ]
    },
    {
      "mode": "managed",
      "type": "mist_org_servicepolicy",
      "name": "servicepolicy_127",
      "provider": "provider[\"registry.terraform.io/juniper/mist\"]",
      "instances": [
        {
          "schema_version": 0,
          "attributes": {
            "action": "allow",
            "appqoe": null,
            "ewf": null,
            "id": "1a9d9bbc-d760-4705-b362-d4287680af2f",
            "idp": {
              "alert_only": null,
              "enabled": false,
              "idpprofile_id": null,
              "profile": "strict"
            },
            "local_routing": false,
            "name": "003_ped-devices-rules-2-VLAN410",
            "org_id": "b3e13549-d254-43d3-b62c-ce121b957327",
            "path_preference": null,
            "services": [
              "CORE-TCP-5172"
            ],
            "tenants": [
              "PED_DEVICES-RESTRICTED-DNS.RESTRICTED_VLAN420",
              "PED_DEVICES-CORE-DNS.CORE_VLAN410"
            ]
          },
          "sensitive_attributes": [],
          "dependencies": [
            "mist_org.terraform_test"
          ]
        }
      ]
    },
    {
      "mode": "managed",
      "type": "mist_org_servicepolicy",
      "name": "servicepolicy_128",
      "provider": "provider[\"registry.terraform.io/juniper/mist\"]",
      "instances": [
        {
          "schema_version": 0,
          "attributes": {
            "action": "allow",
            "appqoe": null,
            "ewf": null,
            "id": "8ec7315a-c98e-4a48-bbb1-a5ad183ee9dd",
            "idp": {
              "alert_only": null,
              "enabled": false,
              "idpprofile_id": null,
              "profile": "strict"
            },
            "local_routing": false,
            "name": "184_410-492-bi-comm-0-VLAN492",
            "org_id": "b3e13549-d254-43d3-b62c-ce121b957327",
            "path_preference": null,
            "services": [
              "10_X_Y_25-TCP_8123"
            ],
            "tenants": [
              "IOT_WIRED_50.IOT_WIRED_VLAN492"
            ]
          },
          "sensitive_attributes": [],
          "dependencies": [
            "mist_org.terraform_test"
          ]
        }
      ]
    },
    {
      "mode": "managed",
      "type": "mist_org_servicepolicy",
      "name": "servicepolicy_129",
      "provider": "provider[\"registry.terraform.io/juniper/mist\"]",
      "instances": [
        {
          "schema_version": 0,
          "attributes": {
            "action": "allow",
            "appqoe": null,
            "ewf": null,
            "id": "9a37b42d-995e-48f4-a86f-1ea971073d98",
            "idp": {
              "alert_only": null,
              "enabled": false,
              "idpprofile_id": null,
              "profile": "strict"
            },
            "local_routing": false,
            "name": "167f_491-control-6-VLAN491",
            "org_id": "b3e13549-d254-43d3-b62c-ce121b957327",
            "path_preference": null,
            "services": [
              "192_168_94_1-UDP_53"
            ],
            "tenants": [
              "PRIVATE_VLAN491"
            ]
          },
          "sensitive_attributes": [],
          "dependencies": [
            "mist_org.terraform_test"
          ]
        }
      ]
    },
    {
      "mode": "managed",
      "type": "mist_org_servicepolicy",
      "name": "servicepolicy_13",
      "provider": "provider[\"registry.terraform.io/juniper/mist\"]",
      "instances": [
        {
          "schema_version": 0,
          "attributes": {
            "action": "allow",
            "appqoe": null,
            "ewf": null,
            "id": "e7747217-2a4c-459e-9d42-702639de48fd",
            "idp": {
              "alert_only": null,
              "enabled": false,
              "idpprofile_id": null,
              "profile": "strict"
            },
            "local_routing": false,
            "name": "173_492-control-4-VLAN492",
            "org_id": "b3e13549-d254-43d3-b62c-ce121b957327",
            "path_preference": null,
            "services": [
              "10_X_Y_25-UDP_123"
            ],
            "tenants": [
              "IOT_WIRED_VLAN492"
            ]
          },
          "sensitive_attributes": [],
          "dependencies": [
            "mist_org.terraform_test"
          ]
        }
      ]
    },
    {
      "mode": "managed",
      "type": "mist_org_servicepolicy",
      "name": "servicepolicy_130",
      "provider": "provider[\"registry.terraform.io/juniper/mist\"]",
      "instances": [
        {
          "schema_version": 0,
          "attributes": {
            "action": "allow",
            "appqoe": null,
            "ewf": null,
            "id": "038526ff-e329-4501-9149-e13f06f21ada",
            "idp": {
              "alert_only": null,
              "enabled": false,
              "idpprofile_id": null,
              "profile": "strict"
            },
            "local_routing": false,
            "name": "066f_ped-devices-rules-0-VLAN420",
            "org_id": "b3e13549-d254-43d3-b62c-ce121b957327",
            "path_preference": null,
            "services": [
              "192_168_92_1-UDP_53"
            ],
            "tenants": [
              "PED_DEVICES-CORE-DNS.CORE_VLAN410",
              "PED_DEVICES-RESTRICTED-DNS.RESTRICTED_VLAN420"
            ]
          },
          "sensitive_attributes": [],
          "dependencies": [
            "mist_org.terraform_test"
          ]
        }
      ]
    },
    {
      "mode": "managed",
      "type": "mist_org_servicepolicy",
      "name": "servicepolicy_131",
      "provider": "provider[\"registry.terraform.io/juniper/mist\"]",
      "instances": [
        {
          "schema_version": 0,
          "attributes": {
            "action": "deny",
            "appqoe": null,
            "ewf": null,
            "id": "a9a16fbc-68ce-466b-a41c-1552f1f20db4",
            "idp": {
              "alert_only": null,
              "enabled": false,
              "idpprofile_id": null,
              "profile": "strict"
            },
            "local_routing": false,
            "name": "168_papi-block-0-VLAN492",
            "org_id": "b3e13549-d254-43d3-b62c-ce121b957327",
            "path_preference": null,
            "services": [
              "ANY-UDP_8209"
            ],
            "tenants": [
              "IOT_WIRED_VLAN492"
            ]
          },
          "sensitive_attributes": [],
          "dependencies": [
            "mist_org.terraform_test"
          ]
        }
      ]
    },
    {
      "mode": "managed",
      "type": "mist_org_servicepolicy",
      "name": "servicepolicy_132",
      "provider": "provider[\"registry.terraform.io/juniper/mist\"]",
      "instances": [
        {
          "schema_version": 0,
          "attributes": {
            "action": "allow",
            "appqoe": null,
            "ewf": null,
            "id": "4ac6afe0-55c6-4254-ab5c-6b98ac8e207a",
            "idp": {
              "alert_only": null,
              "enabled": false,
              "idpprofile_id": null,
              "profile": "strict"
            },
            "local_routing": false,
            "name": "106_control-limited-0-VLAN451",
            "org_id": "b3e13549-d254-43d3-b62c-ce121b957327",
            "path_preference": null,
            "services": [
              "ANY-TCP_1163",
              "ANY-TCP_8112"
            ],
            "tenants": [
              "CREW_VLAN451"
            ]
          },
          "sensitive_attributes": [],
          "dependencies": [
            "mist_org.terraform_test"
          ]
        }
      ]
    },
    {
      "mode": "managed",
      "type": "mist_org_servicepolicy",
      "name": "servicepolicy_133",
      "provider": "provider[\"registry.terraform.io/juniper/mist\"]",
      "instances": [
        {
          "schema_version": 0,
          "attributes": {
            "action": "allow",
            "appqoe": null,
            "ewf": null,
            "id": "66d8c5f0-e35b-4d53-9dbf-8591beb24ad1",
            "idp": {
              "alert_only": null,
              "enabled": false,
              "idpprofile_id": null,
              "profile": "strict"
            },
            "local_routing": false,
            "name": "183_pk-test-492-410-r1-VLAN492",
            "org_id": "b3e13549-d254-43d3-b62c-ce121b957327",
            "path_preference": null,
            "services": [
              "10_X_Y_25-TCP_8883"
            ],
            "tenants": [
              "Gr2_IoT_Wired.IOT_WIRED_VLAN492"
            ]
          },
          "sensitive_attributes": [],
          "dependencies": [
            "mist_org.terraform_test"
          ]
        }
      ]
    },
    {
      "mode": "managed",
      "type": "mist_org_servicepolicy",
      "name": "servicepolicy_134",
      "provider": "provider[\"registry.terraform.io/juniper/mist\"]",
      "instances": [
        {
          "schema_version": 0,
          "attributes": {
            "action": "deny",
            "appqoe": null,
            "ewf": null,
            "id": "9dd88257-3c93-4918-b41d-84169f089ddb",
            "idp": {
              "alert_only": null,
              "enabled": false,
              "idpprofile_id": null,
              "profile": "strict"
            },
            "local_routing": false,
            "name": "169_papi-block-1-VLAN492",
            "org_id": "b3e13549-d254-43d3-b62c-ce121b957327",
            "path_preference": null,
            "services": [
              "ANY-UDP_8211"
            ],
            "tenants": [
              "IOT_WIRED_VLAN492"
            ]
          },
          "sensitive_attributes": [],
          "dependencies": [
            "mist_org.terraform_test"
          ]
        }
      ]
    },
    {
      "mode": "managed",
      "type": "mist_org_servicepolicy",
      "name": "servicepolicy_135",
      "provider": "provider[\"registry.terraform.io/juniper/mist\"]",
      "instances": [
        {
          "schema_version": 0,
          "attributes": {
            "action": "allow",
            "appqoe": null,
            "ewf": null,
            "id": "ee1127b6-e372-42a8-87df-3256b5048634",
            "idp": {
              "alert_only": null,
              "enabled": false,
              "idpprofile_id": null,
              "profile": "strict"
            },
            "local_routing": false,
            "name": "017_410-420-bi-com-0-VLAN410",
            "org_id": "b3e13549-d254-43d3-b62c-ce121b957327",
            "path_preference": null,
            "services": [
              "10_X_Y_128-27-TCP_8123"
            ],
            "tenants": [
              "CORE_1.CORE_VLAN410",
              "CORE_25.CORE_VLAN410"
            ]
          },
          "sensitive_attributes": [],
          "dependencies": [
            "mist_org.terraform_test"
          ]
        }
      ]
    },
    {
      "mode": "managed",
      "type": "mist_org_servicepolicy",
      "name": "servicepolicy_136",
      "provider": "provider[\"registry.terraform.io/juniper/mist\"]",
      "instances": [
        {
          "schema_version": 0,
          "attributes": {
            "action": "allow",
            "appqoe": null,
            "ewf": null,
            "id": "6e7a2a4f-7446-41aa-944d-d552efd543dd",
            "idp": {
              "alert_only": null,
              "enabled": false,
              "idpprofile_id": null,
              "profile": "strict"
            },
            "local_routing": false,
            "name": "172_492-control-3-VLAN492",
            "org_id": "b3e13549-d254-43d3-b62c-ce121b957327",
            "path_preference": null,
            "services": [
              "ICMP_ANY"
            ],
            "tenants": [
              "IOT_WIRED_VLAN492"
            ]
          },
          "sensitive_attributes": [],
          "dependencies": [
            "mist_org.terraform_test"
          ]
        }
      ]
    },
    {
      "mode": "managed",
      "type": "mist_org_servicepolicy",
      "name": "servicepolicy_137",
      "provider": "provider[\"registry.terraform.io/juniper/mist\"]",
      "instances": [
        {
          "schema_version": 0,
          "attributes": {
            "action": "allow",
            "appqoe": null,
            "ewf": null,
            "id": "ed1838d8-0f83-4364-a877-b560b9f914ef",
            "idp": {
              "alert_only": null,
              "enabled": false,
              "idpprofile_id": null,
              "profile": "strict"
            },
            "local_routing": false,
            "name": "066a_ped-devices-rules-0-VLAN420",
            "org_id": "b3e13549-d254-43d3-b62c-ce121b957327",
            "path_preference": null,
            "services": [
              "10_X_Y_62-UDP_53"
            ],
            "tenants": [
              "PED_DEVICES-CORE-DNS.CORE_VLAN410",
              "PED_DEVICES-RESTRICTED-DNS.RESTRICTED_VLAN420"
            ]
          },
          "sensitive_attributes": [],
          "dependencies": [
            "mist_org.terraform_test"
          ]
        }
      ]
    },
    {
      "mode": "managed",
      "type": "mist_org_servicepolicy",
      "name": "servicepolicy_138",
      "provider": "provider[\"registry.terraform.io/juniper/mist\"]",
      "instances": [
        {
          "schema_version": 0,
          "attributes": {
            "action": "allow",
            "appqoe": null,
            "ewf": null,
            "id": "e3e64eb6-7424-4ddb-a2d4-40b74e371c56",
            "idp": {
              "alert_only": null,
              "enabled": false,
              "idpprofile_id": null,
              "profile": "strict"
            },
            "local_routing": false,
            "name": "069_ped-devices-rules-4-VLAN420",
            "org_id": "b3e13549-d254-43d3-b62c-ce121b957327",
            "path_preference": null,
            "services": [
              "RESTRICTED-TCP-5015"
            ],
            "tenants": [
              "PED_DEVICES-CORE-TCP-5015.CORE_VLAN410"
            ]
          },
          "sensitive_attributes": [],
          "dependencies": [
            "mist_org.terraform_test"
          ]
        }
      ]
    },
    {
      "mode": "managed",
      "type": "mist_org_servicepolicy",
      "name": "servicepolicy_139",
      "provider": "provider[\"registry.terraform.io/juniper/mist\"]",
      "instances": [
        {
          "schema_version": 0,
          "attributes": {
            "action": "allow",
            "appqoe": null,
            "ewf": null,
            "id": "f5668273-55f3-4b17-a53d-d6f1e9448eb6",
            "idp": {
              "alert_only": null,
              "enabled": false,
              "idpprofile_id": null,
              "profile": "strict"
            },
            "local_routing": false,
            "name": "066b_ped-devices-rules-0-VLAN420",
            "org_id": "b3e13549-d254-43d3-b62c-ce121b957327",
            "path_preference": null,
            "services": [
              "10_X_Y_129-UDP_53"
            ],
            "tenants": [
              "PED_DEVICES-CORE-DNS.CORE_VLAN410",
              "PED_DEVICES-RESTRICTED-DNS.RESTRICTED_VLAN420"
            ]
          },
          "sensitive_attributes": [],
          "dependencies": [
            "mist_org.terraform_test"
          ]
        }
      ]
    },
    {
      "mode": "managed",
      "type": "mist_org_servicepolicy",
      "name": "servicepolicy_14",
      "provider": "provider[\"registry.terraform.io/juniper/mist\"]",
      "instances": [
        {
          "schema_version": 0,
          "attributes": {
            "action": "allow",
            "appqoe": null,
            "ewf": null,
            "id": "f5388c24-7219-4c1b-85dc-ca7a310b817b",
            "idp": {
              "alert_only": null,
              "enabled": false,
              "idpprofile_id": null,
              "profile": "strict"
            },
            "local_routing": false,
            "name": "016_qsrsoft-vm-rules-4-VLAN410",
            "org_id": "b3e13549-d254-43d3-b62c-ce121b957327",
            "path_preference": null,
            "services": [
              "ANY-TCP_443"
            ],
            "tenants": [
              "CORE_23.CORE_VLAN410",
              "CORE_24.CORE_VLAN410"
            ]
          },
          "sensitive_attributes": [],
          "dependencies": [
            "mist_org.terraform_test"
          ]
        }
      ]
    },
    {
      "mode": "managed",
      "type": "mist_org_servicepolicy",
      "name": "servicepolicy_140",
      "provider": "provider[\"registry.terraform.io/juniper/mist\"]",
      "instances": [
        {
          "schema_version": 0,
          "attributes": {
            "action": "allow",
            "appqoe": null,
            "ewf": null,
            "id": "45f7cd59-9bee-497e-8fbd-bdd870c213ba",
            "idp": {
              "alert_only": null,
              "enabled": false,
              "idpprofile_id": null,
              "profile": "strict"
            },
            "local_routing": false,
            "name": "070_ped-devices-rules-5-VLAN420",
            "org_id": "b3e13549-d254-43d3-b62c-ce121b957327",
            "path_preference": null,
            "services": [
              "RESTRICTED-TCP-5016"
            ],
            "tenants": [
              "PED_DEVICES-CORE-TCP-5015.CORE_VLAN410"
            ]
          },
          "sensitive_attributes": [],
          "dependencies": [
            "mist_org.terraform_test"
          ]
        }
      ]
    },
    {
      "mode": "managed",
      "type": "mist_org_servicepolicy",
      "name": "servicepolicy_141",
      "provider": "provider[\"registry.terraform.io/juniper/mist\"]",
      "instances": [
        {
          "schema_version": 0,
          "attributes": {
            "action": "allow",
            "appqoe": null,
            "ewf": null,
            "id": "cbbb9b90-af03-4f81-9152-80cdc7af81bd",
            "idp": {
              "alert_only": null,
              "enabled": false,
              "idpprofile_id": null,
              "profile": "strict"
            },
            "local_routing": false,
            "name": "176a_492-control-7-VLAN492",
            "org_id": "b3e13549-d254-43d3-b62c-ce121b957327",
            "path_preference": null,
            "services": [
              "10_X_Y_62-UDP_53"
            ],
            "tenants": [
              "IOT_WIRED_VLAN492"
            ]
          },
          "sensitive_attributes": [],
          "dependencies": [
            "mist_org.terraform_test"
          ]
        }
      ]
    },
    {
      "mode": "managed",
      "type": "mist_org_servicepolicy",
      "name": "servicepolicy_142",
      "provider": "provider[\"registry.terraform.io/juniper/mist\"]",
      "instances": [
        {
          "schema_version": 0,
          "attributes": {
            "action": "allow",
            "appqoe": null,
            "ewf": null,
            "id": "b6e8f30b-a6a2-4595-b056-f5197fb44e00",
            "idp": {
              "alert_only": null,
              "enabled": false,
              "idpprofile_id": null,
              "profile": "strict"
            },
            "local_routing": false,
            "name": "092_410-cod-9-VLAN430",
            "org_id": "b3e13549-d254-43d3-b62c-ce121b957327",
            "path_preference": null,
            "services": [
              "10_X_Y_172-TCP_225"
            ],
            "tenants": [
              "CORE_12.CORE_VLAN410"
            ]
          },
          "sensitive_attributes": [],
          "dependencies": [
            "mist_org.terraform_test"
          ]
        }
      ]
    },
    {
      "mode": "managed",
      "type": "mist_org_servicepolicy",
      "name": "servicepolicy_143",
      "provider": "provider[\"registry.terraform.io/juniper/mist\"]",
      "instances": [
        {
          "schema_version": 0,
          "attributes": {
            "action": "allow",
            "appqoe": null,
            "ewf": null,
            "id": "e0a403d5-74a4-4df7-a892-02b51e4390ff",
            "idp": {
              "alert_only": null,
              "enabled": false,
              "idpprofile_id": null,
              "profile": "strict"
            },
            "local_routing": false,
            "name": "232c_494-control-6-VLAN494",
            "org_id": "b3e13549-d254-43d3-b62c-ce121b957327",
            "path_preference": null,
            "services": [
              "10_X_Y_161-UDP_123"
            ],
            "tenants": [
              "IOT_WIRELESS_VLAN494"
            ]
          },
          "sensitive_attributes": [],
          "dependencies": [
            "mist_org.terraform_test"
          ]
        }
      ]
    },
    {
      "mode": "managed",
      "type": "mist_org_servicepolicy",
      "name": "servicepolicy_144",
      "provider": "provider[\"registry.terraform.io/juniper/mist\"]",
      "instances": [
        {
          "schema_version": 0,
          "attributes": {
            "action": "allow",
            "appqoe": null,
            "ewf": null,
            "id": "7b929ceb-c449-4061-ae11-721dd5facd78",
            "idp": {
              "alert_only": null,
              "enabled": false,
              "idpprofile_id": null,
              "profile": "strict"
            },
            "local_routing": false,
            "name": "066c_ped-devices-rules-0-VLAN420",
            "org_id": "b3e13549-d254-43d3-b62c-ce121b957327",
            "path_preference": null,
            "services": [
              "10_X_Y_161-UDP_53"
            ],
            "tenants": [
              "PED_DEVICES-CORE-DNS.CORE_VLAN410",
              "PED_DEVICES-RESTRICTED-DNS.RESTRICTED_VLAN420"
            ]
          },
          "sensitive_attributes": [],
          "dependencies": [
            "mist_org.terraform_test"
          ]
        }
      ]
    },
    {
      "mode": "managed",
      "type": "mist_org_servicepolicy",
      "name": "servicepolicy_145",
      "provider": "provider[\"registry.terraform.io/juniper/mist\"]",
      "instances": [
        {
          "schema_version": 0,
          "attributes": {
            "action": "allow",
            "appqoe": null,
            "ewf": null,
            "id": "312ca400-d01f-4fa1-9311-07a27b8f18a7",
            "idp": {
              "alert_only": null,
              "enabled": false,
              "idpprofile_id": null,
              "profile": "strict"
            },
            "local_routing": false,
            "name": "107_control-limited-2-VLAN451",
            "org_id": "b3e13549-d254-43d3-b62c-ce121b957327",
            "path_preference": null,
            "services": [
              "ANY-UDP_67",
              "ANY-UDP_68"
            ],
            "tenants": [
              "CREW_VLAN451"
            ]
          },
          "sensitive_attributes": [],
          "dependencies": [
            "mist_org.terraform_test"
          ]
        }
      ]
    },
    {
      "mode": "managed",
      "type": "mist_org_servicepolicy",
      "name": "servicepolicy_146",
      "provider": "provider[\"registry.terraform.io/juniper/mist\"]",
      "instances": [
        {
          "schema_version": 0,
          "attributes": {
            "action": "allow",
            "appqoe": null,
            "ewf": null,
            "id": "aae46217-9bac-4539-9cfb-efd6accd21cf",
            "idp": {
              "alert_only": null,
              "enabled": false,
              "idpprofile_id": null,
              "profile": "strict"
            },
            "local_routing": false,
            "name": "187_410-492-bi-comm-3-VLAN492",
            "org_id": "b3e13549-d254-43d3-b62c-ce121b957327",
            "path_preference": null,
            "services": [
              "192_168_92_50-ICMP"
            ],
            "tenants": [
              "CORE_VLAN410"
            ]
          },
          "sensitive_attributes": [],
          "dependencies": [
            "mist_org.terraform_test"
          ]
        }
      ]
    },
    {
      "mode": "managed",
      "type": "mist_org_servicepolicy",
      "name": "servicepolicy_147",
      "provider": "provider[\"registry.terraform.io/juniper/mist\"]",
      "instances": [
        {
          "schema_version": 0,
          "attributes": {
            "action": "allow",
            "appqoe": null,
            "ewf": null,
            "id": "8fde7dfd-59de-40c4-be7a-621c116c8736",
            "idp": {
              "alert_only": null,
              "enabled": false,
              "idpprofile_id": null,
              "profile": "strict"
            },
            "local_routing": false,
            "name": "072_410-420-bi-com-1-VLAN420",
            "org_id": "b3e13549-d254-43d3-b62c-ce121b957327",
            "path_preference": null,
            "services": [
              "CORE_1_25-TCP-8123"
            ],
            "tenants": [
              "RESTRICTED_VLAN420"
            ]
          },
          "sensitive_attributes": [],
          "dependencies": [
            "mist_org.terraform_test"
          ]
        }
      ]
    },
    {
      "mode": "managed",
      "type": "mist_org_servicepolicy",
      "name": "servicepolicy_148",
      "provider": "provider[\"registry.terraform.io/juniper/mist\"]",
      "instances": [
        {
          "schema_version": 0,
          "attributes": {
            "action": "deny",
            "appqoe": null,
            "ewf": null,
            "id": "a5184a22-0a5d-442f-a8cd-41e9bf513a78",
            "idp": {
              "alert_only": null,
              "enabled": false,
              "idpprofile_id": null,
              "profile": "strict"
            },
            "local_routing": false,
            "name": "226_papi-block-1-VLAN494",
            "org_id": "b3e13549-d254-43d3-b62c-ce121b957327",
            "path_preference": null,
            "services": [
              "ANY-UDP_8211"
            ],
            "tenants": [
              "IOT_WIRELESS_VLAN494"
            ]
          },
          "sensitive_attributes": [],
          "dependencies": [
            "mist_org.terraform_test"
          ]
        }
      ]
    },
    {
      "mode": "managed",
      "type": "mist_org_servicepolicy",
      "name": "servicepolicy_149",
      "provider": "provider[\"registry.terraform.io/juniper/mist\"]",
      "instances": [
        {
          "schema_version": 0,
          "attributes": {
            "action": "allow",
            "appqoe": null,
            "ewf": null,
            "id": "5f4b1b99-5999-499f-9237-fb819a5e649b",
            "idp": {
              "alert_only": null,
              "enabled": false,
              "idpprofile_id": null,
              "profile": "strict"
            },
            "local_routing": false,
            "name": "066e_ped-devices-rules-0-VLAN420",
            "org_id": "b3e13549-d254-43d3-b62c-ce121b957327",
            "path_preference": null,
            "services": [
              "192_168_91_1-UDP_53"
            ],
            "tenants": [
              "PED_DEVICES-CORE-DNS.CORE_VLAN410",
              "PED_DEVICES-RESTRICTED-DNS.RESTRICTED_VLAN420"
            ]
          },
          "sensitive_attributes": [],
          "dependencies": [
            "mist_org.terraform_test"
          ]
        }
      ]
    },
    {
      "mode": "managed",
      "type": "mist_org_servicepolicy",
      "name": "servicepolicy_15",
      "provider": "provider[\"registry.terraform.io/juniper/mist\"]",
      "instances": [
        {
          "schema_version": 0,
          "attributes": {
            "action": "allow",
            "appqoe": null,
            "ewf": null,
            "id": "0b189609-cc56-440a-bb89-64b0459fc6ca",
            "idp": {
              "alert_only": null,
              "enabled": false,
              "idpprofile_id": null,
              "profile": "strict"
            },
            "local_routing": false,
            "name": "177_pk-test-494-492-r0-VLAN492",
            "org_id": "b3e13549-d254-43d3-b62c-ce121b957327",
            "path_preference": null,
            "services": [
              "Gr2_IoT_Wired"
            ],
            "tenants": [
              "IOT_WIRELESS_VLAN494"
            ]
          },
          "sensitive_attributes": [],
          "dependencies": [
            "mist_org.terraform_test"
          ]
        }
      ]
    },
    {
      "mode": "managed",
      "type": "mist_org_servicepolicy",
      "name": "servicepolicy_150",
      "provider": "provider[\"registry.terraform.io/juniper/mist\"]",
      "instances": [
        {
          "schema_version": 0,
          "attributes": {
            "action": "allow",
            "appqoe": null,
            "ewf": null,
            "id": "c2ddd71c-d6dc-40b8-8393-3080d05b3957",
            "idp": {
              "alert_only": null,
              "enabled": false,
              "idpprofile_id": null,
              "profile": "strict"
            },
            "local_routing": false,
            "name": "189_410-492-bi-comm-5-VLAN492",
            "org_id": "b3e13549-d254-43d3-b62c-ce121b957327",
            "path_preference": null,
            "services": [
              "192_168_92_192-26-TCP_22500"
            ],
            "tenants": [
              "CORE_VLAN410"
            ]
          },
          "sensitive_attributes": [],
          "dependencies": [
            "mist_org.terraform_test"
          ]
        }
      ]
    },
    {
      "mode": "managed",
      "type": "mist_org_servicepolicy",
      "name": "servicepolicy_151",
      "provider": "provider[\"registry.terraform.io/juniper/mist\"]",
      "instances": [
        {
          "schema_version": 0,
          "attributes": {
            "action": "allow",
            "appqoe": null,
            "ewf": null,
            "id": "90145570-2a0b-40a7-841c-39ed96b00b35",
            "idp": {
              "alert_only": null,
              "enabled": false,
              "idpprofile_id": null,
              "profile": "strict"
            },
            "local_routing": false,
            "name": "073_410-dmb-0-VLAN430",
            "org_id": "b3e13549-d254-43d3-b62c-ce121b957327",
            "path_preference": null,
            "services": [
              "10_X_Y_160-27-TCP_4983"
            ],
            "tenants": [
              "CORE_25.CORE_VLAN410"
            ]
          },
          "sensitive_attributes": [],
          "dependencies": [
            "mist_org.terraform_test"
          ]
        }
      ]
    },
    {
      "mode": "managed",
      "type": "mist_org_servicepolicy",
      "name": "servicepolicy_152",
      "provider": "provider[\"registry.terraform.io/juniper/mist\"]",
      "instances": [
        {
          "schema_version": 0,
          "attributes": {
            "action": "allow",
            "appqoe": null,
            "ewf": null,
            "id": "d04d01ea-0743-49a2-8f66-841a8beb838e",
            "idp": {
              "alert_only": null,
              "enabled": false,
              "idpprofile_id": null,
              "profile": "strict"
            },
            "local_routing": false,
            "name": "175e_492-control-7-VLAN492",
            "org_id": "b3e13549-d254-43d3-b62c-ce121b957327",
            "path_preference": null,
            "services": [
              "192_168_91_1-UDP_123"
            ],
            "tenants": [
              "IOT_WIRED_VLAN492"
            ]
          },
          "sensitive_attributes": [],
          "dependencies": [
            "mist_org.terraform_test"
          ]
        }
      ]
    },
    {
      "mode": "managed",
      "type": "mist_org_servicepolicy",
      "name": "servicepolicy_153",
      "provider": "provider[\"registry.terraform.io/juniper/mist\"]",
      "instances": [
        {
          "schema_version": 0,
          "attributes": {
            "action": "allow",
            "appqoe": null,
            "ewf": null,
            "id": "287a6f9a-148b-4f87-bdc4-b449f0145979",
            "idp": {
              "alert_only": null,
              "enabled": false,
              "idpprofile_id": null,
              "profile": "strict"
            },
            "local_routing": false,
            "name": "190_410-492-bi-comm-6-VLAN492",
            "org_id": "b3e13549-d254-43d3-b62c-ce121b957327",
            "path_preference": null,
            "services": [
              "192_168_92_192-26-TCP_22501"
            ],
            "tenants": [
              "CORE_VLAN410"
            ]
          },
          "sensitive_attributes": [],
          "dependencies": [
            "mist_org.terraform_test"
          ]
        }
      ]
    },
    {
      "mode": "managed",
      "type": "mist_org_servicepolicy",
      "name": "servicepolicy_154",
      "provider": "provider[\"registry.terraform.io/juniper/mist\"]",
      "instances": [
        {
          "schema_version": 0,
          "attributes": {
            "action": "allow",
            "appqoe": null,
            "ewf": null,
            "id": "d0cd419b-6d89-4d20-8d9d-7b2a902f09b8",
            "idp": {
              "alert_only": null,
              "enabled": false,
              "idpprofile_id": null,
              "profile": "strict"
            },
            "local_routing": false,
            "name": "002a-ped-devices-rules-0-VLAN410",
            "org_id": "b3e13549-d254-43d3-b62c-ce121b957327",
            "path_preference": null,
            "services": [
              "10_X_Y_129-UDP_53"
            ],
            "tenants": [
              "PED_DEVICES-CORE-DNS.CORE_VLAN410"
            ]
          },
          "sensitive_attributes": [],
          "dependencies": [
            "mist_org.terraform_test"
          ]
        }
      ]
    },
    {
      "mode": "managed",
      "type": "mist_org_servicepolicy",
      "name": "servicepolicy_155",
      "provider": "provider[\"registry.terraform.io/juniper/mist\"]",
      "instances": [
        {
          "schema_version": 0,
          "attributes": {
            "action": "allow",
            "appqoe": null,
            "ewf": null,
            "id": "41b6f4ca-d48b-48d3-bde2-c0caa267a6e3",
            "idp": {
              "alert_only": null,
              "enabled": false,
              "idpprofile_id": null,
              "profile": "strict"
            },
            "local_routing": false,
            "name": "074_410-dmb-1-VLAN430",
            "org_id": "b3e13549-d254-43d3-b62c-ce121b957327",
            "path_preference": null,
            "services": [
              "10_X_Y_0-25-ANY"
            ],
            "tenants": [
              "RESTRICTED_VLAN420"
            ]
          },
          "sensitive_attributes": [],
          "dependencies": [
            "mist_org.terraform_test"
          ]
        }
      ]
    },
    {
      "mode": "managed",
      "type": "mist_org_servicepolicy",
      "name": "servicepolicy_156",
      "provider": "provider[\"registry.terraform.io/juniper/mist\"]",
      "instances": [
        {
          "schema_version": 0,
          "attributes": {
            "action": "allow",
            "appqoe": null,
            "ewf": null,
            "id": "cf0760f0-f0ac-497f-951b-c1c0e1312ddf",
            "idp": {
              "alert_only": null,
              "enabled": false,
              "idpprofile_id": null,
              "profile": "strict"
            },
            "local_routing": false,
            "name": "191_410-492-bi-comm-7-VLAN492",
            "org_id": "b3e13549-d254-43d3-b62c-ce121b957327",
            "path_preference": null,
            "services": [
              "10_X_Y_0-25-TCP_22500"
            ],
            "tenants": [
              "Gr_IoT_WIRED.IOT_WIRED_VLAN492"
            ]
          },
          "sensitive_attributes": [],
          "dependencies": [
            "mist_org.terraform_test"
          ]
        }
      ]
    },
    {
      "mode": "managed",
      "type": "mist_org_servicepolicy",
      "name": "servicepolicy_157",
      "provider": "provider[\"registry.terraform.io/juniper/mist\"]",
      "instances": [
        {
          "schema_version": 0,
          "attributes": {
            "action": "allow",
            "appqoe": null,
            "ewf": null,
            "id": "dfa5141d-afc5-4971-9236-bc02d4b4e542",
            "idp": {
              "alert_only": null,
              "enabled": false,
              "idpprofile_id": null,
              "profile": "strict"
            },
            "local_routing": false,
            "name": "148_control-vlan-490-0-VLAN490",
            "org_id": "b3e13549-d254-43d3-b62c-ce121b957327",
            "path_preference": null,
            "services": [
              "ANY-TCP_1163",
              "ANY-TCP_8112"
            ],
            "tenants": [
              "UNTRUSTED_VLAN490"
            ]
          },
          "sensitive_attributes": [],
          "dependencies": [
            "mist_org.terraform_test"
          ]
        }
      ]
    },
    {
      "mode": "managed",
      "type": "mist_org_servicepolicy",
      "name": "servicepolicy_158",
      "provider": "provider[\"registry.terraform.io/juniper/mist\"]",
      "instances": [
        {
          "schema_version": 0,
          "attributes": {
            "action": "allow",
            "appqoe": null,
            "ewf": null,
            "id": "17c21c1c-8138-4326-803b-4360d14699a9",
            "idp": {
              "alert_only": null,
              "enabled": false,
              "idpprofile_id": null,
              "profile": "strict"
            },
            "local_routing": false,
            "name": "005_ped-devices-rules-4-VLAN410",
            "org_id": "b3e13549-d254-43d3-b62c-ce121b957327",
            "path_preference": null,
            "services": [
              "RESTRICTED-TCP-5015"
            ],
            "tenants": [
              "PED_DEVICES-CORE-TCP-5015.CORE_VLAN410"
            ]
          },
          "sensitive_attributes": [],
          "dependencies": [
            "mist_org.terraform_test"
          ]
        }
      ]
    },
    {
      "mode": "managed",
      "type": "mist_org_servicepolicy",
      "name": "servicepolicy_159",
      "provider": "provider[\"registry.terraform.io/juniper/mist\"]",
      "instances": [
        {
          "schema_version": 0,
          "attributes": {
            "action": "allow",
            "appqoe": null,
            "ewf": null,
            "id": "c6feef89-1f0c-48af-b5a8-8d28aa955183",
            "idp": {
              "alert_only": null,
              "enabled": false,
              "idpprofile_id": null,
              "profile": "strict"
            },
            "local_routing": false,
            "name": "076_410-dmb-3-VLAN430",
            "org_id": "b3e13549-d254-43d3-b62c-ce121b957327",
            "path_preference": null,
            "services": [
              "10_X_Y_160-27-TCP_22500"
            ],
            "tenants": [
              "CORE_VLAN410"
            ]
          },
          "sensitive_attributes": [],
          "dependencies": [
            "mist_org.terraform_test"
          ]
        }
      ]
    },
    {
      "mode": "managed",
      "type": "mist_org_servicepolicy",
      "name": "servicepolicy_16",
      "provider": "provider[\"registry.terraform.io/juniper/mist\"]",
      "instances": [
        {
          "schema_version": 0,
          "attributes": {
            "action": "allow",
            "appqoe": null,
            "ewf": null,
            "id": "bd6fd0c7-3428-472a-880c-c0f85b4a17ce",
            "idp": {
              "alert_only": null,
              "enabled": false,
              "idpprofile_id": null,
              "profile": "strict"
            },
            "local_routing": false,
            "name": "063_livestore-sec-cam-3-VLAN410",
            "org_id": "b3e13549-d254-43d3-b62c-ce121b957327",
            "path_preference": null,
            "services": [
              "192_168_90_130-TCP_2002"
            ],
            "tenants": [
              "CORE_51.CORE_VLAN410"
            ]
          },
          "sensitive_attributes": [],
          "dependencies": [
            "mist_org.terraform_test"
          ]
        }
      ]
    },
    {
      "mode": "managed",
      "type": "mist_org_servicepolicy",
      "name": "servicepolicy_160",
      "provider": "provider[\"registry.terraform.io/juniper/mist\"]",
      "instances": [
        {
          "schema_version": 0,
          "attributes": {
            "action": "allow",
            "appqoe": null,
            "ewf": null,
            "id": "52bfe139-1eff-4b94-a8b6-555fd306a4ee",
            "idp": {
              "alert_only": null,
              "enabled": false,
              "idpprofile_id": null,
              "profile": "strict"
            },
            "local_routing": false,
            "name": "149_control-vlan-490-1-VLAN490",
            "org_id": "b3e13549-d254-43d3-b62c-ce121b957327",
            "path_preference": null,
            "services": [
              "ANY-UDP_67",
              "ANY-UDP_68"
            ],
            "tenants": [
              "UNTRUSTED_VLAN490"
            ]
          },
          "sensitive_attributes": [],
          "dependencies": [
            "mist_org.terraform_test"
          ]
        }
      ]
    },
    {
      "mode": "managed",
      "type": "mist_org_servicepolicy",
      "name": "servicepolicy_161",
      "provider": "provider[\"registry.terraform.io/juniper/mist\"]",
      "instances": [
        {
          "schema_version": 0,
          "attributes": {
            "action": "allow",
            "appqoe": null,
            "ewf": null,
            "id": "1d543427-82b1-474f-a045-39f6b585031d",
            "idp": {
              "alert_only": null,
              "enabled": false,
              "idpprofile_id": null,
              "profile": "strict"
            },
            "local_routing": false,
            "name": "007_pk-test-492-410-r0-VLAN410",
            "org_id": "b3e13549-d254-43d3-b62c-ce121b957327",
            "path_preference": null,
            "services": [
              "10_X_Y_25-TCP_1883"
            ],
            "tenants": [
              "Gr2_IoT_Wired.IOT_WIRED_VLAN492"
            ]
          },
          "sensitive_attributes": [],
          "dependencies": [
            "mist_org.terraform_test"
          ]
        }
      ]
    },
    {
      "mode": "managed",
      "type": "mist_org_servicepolicy",
      "name": "servicepolicy_162",
      "provider": "provider[\"registry.terraform.io/juniper/mist\"]",
      "instances": [
        {
          "schema_version": 0,
          "attributes": {
            "action": "allow",
            "appqoe": null,
            "ewf": null,
            "id": "38556805-0f66-4858-a8bc-710396f2af3e",
            "idp": {
              "alert_only": null,
              "enabled": false,
              "idpprofile_id": null,
              "profile": "strict"
            },
            "local_routing": false,
            "name": "077_410-dmb-4-VLAN430",
            "org_id": "b3e13549-d254-43d3-b62c-ce121b957327",
            "path_preference": null,
            "services": [
              "10_X_Y_160-27-TCP_22501"
            ],
            "tenants": [
              "CORE_VLAN410"
            ]
          },
          "sensitive_attributes": [],
          "dependencies": [
            "mist_org.terraform_test"
          ]
        }
      ]
    },
    {
      "mode": "managed",
      "type": "mist_org_servicepolicy",
      "name": "servicepolicy_163",
      "provider": "provider[\"registry.terraform.io/juniper/mist\"]",
      "instances": [
        {
          "schema_version": 0,
          "attributes": {
            "action": "allow",
            "appqoe": null,
            "ewf": null,
            "id": "b4fdeefa-d989-4054-997f-130fb2c4dd6e",
            "idp": {
              "alert_only": null,
              "enabled": false,
              "idpprofile_id": null,
              "profile": "strict"
            },
            "local_routing": false,
            "name": "175b_492-control-5-VLAN492",
            "org_id": "b3e13549-d254-43d3-b62c-ce121b957327",
            "path_preference": null,
            "services": [
              "10_X_Y_129-UDP_123"
            ],
            "tenants": [
              "IOT_WIRED_VLAN492"
            ]
          },
          "sensitive_attributes": [],
          "dependencies": [
            "mist_org.terraform_test"
          ]
        }
      ]
    },
    {
      "mode": "managed",
      "type": "mist_org_servicepolicy",
      "name": "servicepolicy_164",
      "provider": "provider[\"registry.terraform.io/juniper/mist\"]",
      "instances": [
        {
          "schema_version": 0,
          "attributes": {
            "action": "allow",
            "appqoe": null,
            "ewf": null,
            "id": "484c31a4-2a91-4be3-88f3-e540fd8640bc",
            "idp": {
              "alert_only": null,
              "enabled": false,
              "idpprofile_id": null,
              "profile": "strict"
            },
            "local_routing": false,
            "name": "161_491-control-0-VLAN491",
            "org_id": "b3e13549-d254-43d3-b62c-ce121b957327",
            "path_preference": null,
            "services": [
              "ANY-TCP_1163",
              "ANY-TCP_8112"
            ],
            "tenants": [
              "PRIVATE_VLAN491"
            ]
          },
          "sensitive_attributes": [],
          "dependencies": [
            "mist_org.terraform_test"
          ]
        }
      ]
    },
    {
      "mode": "managed",
      "type": "mist_org_servicepolicy",
      "name": "servicepolicy_165",
      "provider": "provider[\"registry.terraform.io/juniper/mist\"]",
      "instances": [
        {
          "schema_version": 0,
          "attributes": {
            "action": "allow",
            "appqoe": null,
            "ewf": null,
            "id": "d890950f-871a-419c-92a5-62a3e9e6710f",
            "idp": {
              "alert_only": null,
              "enabled": false,
              "idpprofile_id": null,
              "profile": "strict"
            },
            "local_routing": false,
            "name": "186_410-492-bi-comm-2-VLAN492",
            "org_id": "b3e13549-d254-43d3-b62c-ce121b957327",
            "path_preference": null,
            "services": [
              "10_X_Y_51-ICMP"
            ],
            "tenants": [
              "IOT_WIRED_50.IOT_WIRED_VLAN492"
            ]
          },
          "sensitive_attributes": [],
          "dependencies": [
            "mist_org.terraform_test"
          ]
        }
      ]
    },
    {
      "mode": "managed",
      "type": "mist_org_servicepolicy",
      "name": "servicepolicy_166",
      "provider": "provider[\"registry.terraform.io/juniper/mist\"]",
      "instances": [
        {
          "schema_version": 0,
          "attributes": {
            "action": "allow",
            "appqoe": null,
            "ewf": null,
            "id": "a15cc0ec-7483-44e1-8e92-b401d0a3ec08",
            "idp": {
              "alert_only": null,
              "enabled": false,
              "idpprofile_id": null,
              "profile": "strict"
            },
            "local_routing": false,
            "name": "006_ped-devices-rules-5-VLAN410",
            "org_id": "b3e13549-d254-43d3-b62c-ce121b957327",
            "path_preference": null,
            "services": [
              "RESTRICTED-TCP-5016"
            ],
            "tenants": [
              "PED_DEVICES-CORE-TCP-5016.CORE_VLAN410"
            ]
          },
          "sensitive_attributes": [],
          "dependencies": [
            "mist_org.terraform_test"
          ]
        }
      ]
    },
    {
      "mode": "managed",
      "type": "mist_org_servicepolicy",
      "name": "servicepolicy_167",
      "provider": "provider[\"registry.terraform.io/juniper/mist\"]",
      "instances": [
        {
          "schema_version": 0,
          "attributes": {
            "action": "allow",
            "appqoe": null,
            "ewf": null,
            "id": "cd1ad334-6d81-407f-bb04-11a3bebd12be",
            "idp": {
              "alert_only": null,
              "enabled": false,
              "idpprofile_id": null,
              "profile": "strict"
            },
            "local_routing": false,
            "name": "167b_491-control-6-VLAN491",
            "org_id": "b3e13549-d254-43d3-b62c-ce121b957327",
            "path_preference": null,
            "services": [
              "10_X_Y_129-UDP_53"
            ],
            "tenants": [
              "PRIVATE_VLAN491"
            ]
          },
          "sensitive_attributes": [],
          "dependencies": [
            "mist_org.terraform_test"
          ]
        }
      ]
    },
    {
      "mode": "managed",
      "type": "mist_org_servicepolicy",
      "name": "servicepolicy_168",
      "provider": "provider[\"registry.terraform.io/juniper/mist\"]",
      "instances": [
        {
          "schema_version": 0,
          "attributes": {
            "action": "allow",
            "appqoe": null,
            "ewf": null,
            "id": "eca05a47-70cf-4ba2-9353-ea7a3f7e0c6b",
            "idp": {
              "alert_only": null,
              "enabled": false,
              "idpprofile_id": null,
              "profile": "strict"
            },
            "local_routing": false,
            "name": "078_410-dmb-5-VLAN430",
            "org_id": "b3e13549-d254-43d3-b62c-ce121b957327",
            "path_preference": null,
            "services": [
              "10_X_Y_160-27-TCP_22600"
            ],
            "tenants": [
              "CORE_VLAN410"
            ]
          },
          "sensitive_attributes": [],
          "dependencies": [
            "mist_org.terraform_test"
          ]
        }
      ]
    },
    {
      "mode": "managed",
      "type": "mist_org_servicepolicy",
      "name": "servicepolicy_169",
      "provider": "provider[\"registry.terraform.io/juniper/mist\"]",
      "instances": [
        {
          "schema_version": 0,
          "attributes": {
            "action": "allow",
            "appqoe": null,
            "ewf": null,
            "id": "c67f9918-6dbe-4645-89b3-3f213fd5118e",
            "idp": {
              "alert_only": null,
              "enabled": false,
              "idpprofile_id": null,
              "profile": "strict"
            },
            "local_routing": false,
            "name": "084_410-cod-1-VLAN430",
            "org_id": "b3e13549-d254-43d3-b62c-ce121b957327",
            "path_preference": null,
            "services": [
              "10_X_Y_160-27-TCP_4983"
            ],
            "tenants": [
              "Gr_CORE_12_14_25.CORE_VLAN410"
            ]
          },
          "sensitive_attributes": [],
          "dependencies": [
            "mist_org.terraform_test"
          ]
        }
      ]
    },
    {
      "mode": "managed",
      "type": "mist_org_servicepolicy",
      "name": "servicepolicy_17",
      "provider": "provider[\"registry.terraform.io/juniper/mist\"]",
      "instances": [
        {
          "schema_version": 0,
          "attributes": {
            "action": "allow",
            "appqoe": null,
            "ewf": null,
            "id": "a0a77909-544a-44d8-b232-e5dd4daa4587",
            "idp": {
              "alert_only": null,
              "enabled": false,
              "idpprofile_id": null,
              "profile": "strict"
            },
            "local_routing": false,
            "name": "040_410-cod-8-VLAN410",
            "org_id": "b3e13549-d254-43d3-b62c-ce121b957327",
            "path_preference": null,
            "services": [
              "10_X_Y_171-TCP_225"
            ],
            "tenants": [
              "CORE_12.CORE_VLAN410"
            ]
          },
          "sensitive_attributes": [],
          "dependencies": [
            "mist_org.terraform_test"
          ]
        }
      ]
    },
    {
      "mode": "managed",
      "type": "mist_org_servicepolicy",
      "name": "servicepolicy_170",
      "provider": "provider[\"registry.terraform.io/juniper/mist\"]",
      "instances": [
        {
          "schema_version": 0,
          "attributes": {
            "action": "allow",
            "appqoe": null,
            "ewf": null,
            "id": "31affebc-721b-40ae-9c4b-58fd4fd16d0d",
            "idp": {
              "alert_only": null,
              "enabled": false,
              "idpprofile_id": null,
              "profile": "strict"
            },
            "local_routing": false,
            "name": "162_491-control-2-VLAN491",
            "org_id": "b3e13549-d254-43d3-b62c-ce121b957327",
            "path_preference": null,
            "services": [
              "ANY-UDP_67",
              "ANY-UDP_68"
            ],
            "tenants": [
              "PRIVATE_VLAN491"
            ]
          },
          "sensitive_attributes": [],
          "dependencies": [
            "mist_org.terraform_test"
          ]
        }
      ]
    },
    {
      "mode": "managed",
      "type": "mist_org_servicepolicy",
      "name": "servicepolicy_171",
      "provider": "provider[\"registry.terraform.io/juniper/mist\"]",
      "instances": [
        {
          "schema_version": 0,
          "attributes": {
            "action": "allow",
            "appqoe": null,
            "ewf": null,
            "id": "97806de2-ee53-4f72-bf50-c6e61607e887",
            "idp": {
              "alert_only": null,
              "enabled": false,
              "idpprofile_id": null,
              "profile": "strict"
            },
            "local_routing": false,
            "name": "019_410-492-bi-com-0-VLAN410",
            "org_id": "b3e13549-d254-43d3-b62c-ce121b957327",
            "path_preference": null,
            "services": [
              "10_X_Y_25-TCP_8123"
            ],
            "tenants": [
              "IOT_WIRED_50.IOT_WIRED_VLAN492"
            ]
          },
          "sensitive_attributes": [],
          "dependencies": [
            "mist_org.terraform_test"
          ]
        }
      ]
    },
    {
      "mode": "managed",
      "type": "mist_org_servicepolicy",
      "name": "servicepolicy_172",
      "provider": "provider[\"registry.terraform.io/juniper/mist\"]",
      "instances": [
        {
          "schema_version": 0,
          "attributes": {
            "action": "allow",
            "appqoe": null,
            "ewf": null,
            "id": "1fa9a6b7-3923-4f68-bd5c-1e3b7706207c",
            "idp": {
              "alert_only": null,
              "enabled": false,
              "idpprofile_id": null,
              "profile": "strict"
            },
            "local_routing": false,
            "name": "079_410-dmb-6-VLAN430",
            "org_id": "b3e13549-d254-43d3-b62c-ce121b957327",
            "path_preference": null,
            "services": [
              "10_X_Y_160-27-TCP_22700"
            ],
            "tenants": [
              "CORE_VLAN410"
            ]
          },
          "sensitive_attributes": [],
          "dependencies": [
            "mist_org.terraform_test"
          ]
        }
      ]
    },
    {
      "mode": "managed",
      "type": "mist_org_servicepolicy",
      "name": "servicepolicy_173",
      "provider": "provider[\"registry.terraform.io/juniper/mist\"]",
      "instances": [
        {
          "schema_version": 0,
          "attributes": {
            "action": "allow",
            "appqoe": null,
            "ewf": null,
            "id": "a8146aec-9d7d-44e7-b27a-5c3d633df76b",
            "idp": {
              "alert_only": null,
              "enabled": false,
              "idpprofile_id": null,
              "profile": "strict"
            },
            "local_routing": false,
            "name": "170_492-control-0-VLAN492",
            "org_id": "b3e13549-d254-43d3-b62c-ce121b957327",
            "path_preference": null,
            "services": [
              "ANY-TCP_1163",
              "ANY-TCP_8112"
            ],
            "tenants": [
              "IOT_WIRED_VLAN492"
            ]
          },
          "sensitive_attributes": [],
          "dependencies": [
            "mist_org.terraform_test"
          ]
        }
      ]
    },
    {
      "mode": "managed",
      "type": "mist_org_servicepolicy",
      "name": "servicepolicy_174",
      "provider": "provider[\"registry.terraform.io/juniper/mist\"]",
      "instances": [
        {
          "schema_version": 0,
          "attributes": {
            "action": "allow",
            "appqoe": null,
            "ewf": null,
            "id": "b8bb3581-11a6-49c6-b8ac-5e6a0d1805ef",
            "idp": {
              "alert_only": null,
              "enabled": false,
              "idpprofile_id": null,
              "profile": "strict"
            },
            "local_routing": false,
            "name": "008_pk-test-492-410-r1-VLAN410",
            "org_id": "b3e13549-d254-43d3-b62c-ce121b957327",
            "path_preference": null,
            "services": [
              "10_X_Y_25-TCP_8883"
            ],
            "tenants": [
              "Gr2_IoT_Wired.IOT_WIRED_VLAN492"
            ]
          },
          "sensitive_attributes": [],
          "dependencies": [
            "mist_org.terraform_test"
          ]
        }
      ]
    },
    {
      "mode": "managed",
      "type": "mist_org_servicepolicy",
      "name": "servicepolicy_175",
      "provider": "provider[\"registry.terraform.io/juniper/mist\"]",
      "instances": [
        {
          "schema_version": 0,
          "attributes": {
            "action": "allow",
            "appqoe": null,
            "ewf": null,
            "id": "f5ec8900-51dc-41a1-9de8-d3fecf270e56",
            "idp": {
              "alert_only": null,
              "enabled": false,
              "idpprofile_id": null,
              "profile": "strict"
            },
            "local_routing": false,
            "name": "026_410-492-bi-com-7-VLAN410",
            "org_id": "b3e13549-d254-43d3-b62c-ce121b957327",
            "path_preference": null,
            "services": [
              "10_X_Y_0-25-TCP_22500"
            ],
            "tenants": [
              "Gr_IoT_WIRED.IOT_WIRED_VLAN492"
            ]
          },
          "sensitive_attributes": [],
          "dependencies": [
            "mist_org.terraform_test"
          ]
        }
      ]
    },
    {
      "mode": "managed",
      "type": "mist_org_servicepolicy",
      "name": "servicepolicy_176",
      "provider": "provider[\"registry.terraform.io/juniper/mist\"]",
      "instances": [
        {
          "schema_version": 0,
          "attributes": {
            "action": "allow",
            "appqoe": null,
            "ewf": null,
            "id": "4f8073fc-5ec4-44ce-8e68-e9f73e88c4ad",
            "idp": {
              "alert_only": null,
              "enabled": false,
              "idpprofile_id": null,
              "profile": "strict"
            },
            "local_routing": false,
            "name": "080_410-dmb-7-VLAN430",
            "org_id": "b3e13549-d254-43d3-b62c-ce121b957327",
            "path_preference": null,
            "services": [
              "10_X_Y_160-27-TCP_3333"
            ],
            "tenants": [
              "CORE_VLAN410"
            ]
          },
          "sensitive_attributes": [],
          "dependencies": [
            "mist_org.terraform_test"
          ]
        }
      ]
    },
    {
      "mode": "managed",
      "type": "mist_org_servicepolicy",
      "name": "servicepolicy_177",
      "provider": "provider[\"registry.terraform.io/juniper/mist\"]",
      "instances": [
        {
          "schema_version": 0,
          "attributes": {
            "action": "allow",
            "appqoe": null,
            "ewf": null,
            "id": "cd48cffe-2509-429b-882f-7575e9821d11",
            "idp": {
              "alert_only": null,
              "enabled": false,
              "idpprofile_id": null,
              "profile": "strict"
            },
            "local_routing": false,
            "name": "075_410-dmb-2-VLAN430",
            "org_id": "b3e13549-d254-43d3-b62c-ce121b957327",
            "path_preference": null,
            "services": [
              "10_X_Y_160-27-TCP_80"
            ],
            "tenants": [
              "CORE_VLAN410"
            ]
          },
          "sensitive_attributes": [],
          "dependencies": [
            "mist_org.terraform_test"
          ]
        }
      ]
    },
    {
      "mode": "managed",
      "type": "mist_org_servicepolicy",
      "name": "servicepolicy_178",
      "provider": "provider[\"registry.terraform.io/juniper/mist\"]",
      "instances": [
        {
          "schema_version": 0,
          "attributes": {
            "action": "allow",
            "appqoe": null,
            "ewf": null,
            "id": "384db739-1e8f-425a-98c5-e7806ba60f21",
            "idp": {
              "alert_only": null,
              "enabled": false,
              "idpprofile_id": null,
              "profile": "strict"
            },
            "local_routing": false,
            "name": "171_492-control-2-VLAN492",
            "org_id": "b3e13549-d254-43d3-b62c-ce121b957327",
            "path_preference": null,
            "services": [
              "ANY-UDP_67",
              "ANY-UDP_68"
            ],
            "tenants": [
              "IOT_WIRED_VLAN492"
            ]
          },
          "sensitive_attributes": [],
          "dependencies": [
            "mist_org.terraform_test"
          ]
        }
      ]
    },
    {
      "mode": "managed",
      "type": "mist_org_servicepolicy",
      "name": "servicepolicy_179",
      "provider": "provider[\"registry.terraform.io/juniper/mist\"]",
      "instances": [
        {
          "schema_version": 0,
          "attributes": {
            "action": "allow",
            "appqoe": null,
            "ewf": null,
            "id": "af2b6dd3-0388-4ee2-bf08-4dcbc32b21f9",
            "idp": {
              "alert_only": null,
              "enabled": false,
              "idpprofile_id": null,
              "profile": "strict"
            },
            "local_routing": false,
            "name": "152_livestore-sec-cam-1-VLAN490",
            "org_id": "b3e13549-d254-43d3-b62c-ce121b957327",
            "path_preference": null,
            "services": [
              "192_168_90_130-TCP_443"
            ],
            "tenants": [
              "CORE_51.CORE_VLAN410"
            ]
          },
          "sensitive_attributes": [],
          "dependencies": [
            "mist_org.terraform_test"
          ]
        }
      ]
    },
    {
      "mode": "managed",
      "type": "mist_org_servicepolicy",
      "name": "servicepolicy_18",
      "provider": "provider[\"registry.terraform.io/juniper/mist\"]",
      "instances": [
        {
          "schema_version": 0,
          "attributes": {
            "action": "allow",
            "appqoe": null,
            "ewf": null,
            "id": "608f3ba6-8405-4725-a69f-531bd3d1f2d5",
            "idp": {
              "alert_only": null,
              "enabled": false,
              "idpprofile_id": null,
              "profile": "strict"
            },
            "local_routing": false,
            "name": "094_410-cod-11-VLAN430",
            "org_id": "b3e13549-d254-43d3-b62c-ce121b957327",
            "path_preference": null,
            "services": [
              "10_X_Y_169-TCP_225"
            ],
            "tenants": [
              "CORE_14.CORE_VLAN410"
            ]
          },
          "sensitive_attributes": [],
          "dependencies": [
            "mist_org.terraform_test"
          ]
        }
      ]
    },
    {
      "mode": "managed",
      "type": "mist_org_servicepolicy",
      "name": "servicepolicy_180",
      "provider": "provider[\"registry.terraform.io/juniper/mist\"]",
      "instances": [
        {
          "schema_version": 0,
          "attributes": {
            "action": "allow",
            "appqoe": null,
            "ewf": null,
            "id": "abb7d94d-9a8c-4d46-a1ad-f90eaac7aa49",
            "idp": {
              "alert_only": null,
              "enabled": false,
              "idpprofile_id": null,
              "profile": "strict"
            },
            "local_routing": false,
            "name": "009_410-bos-isp-0-VLAN410",
            "org_id": "b3e13549-d254-43d3-b62c-ce121b957327",
            "path_preference": null,
            "services": [
              "ANY-UDP_53"
            ],
            "tenants": [
              "CORE_51.CORE_VLAN410"
            ]
          },
          "sensitive_attributes": [],
          "dependencies": [
            "mist_org.terraform_test"
          ]
        }
      ]
    },
    {
      "mode": "managed",
      "type": "mist_org_servicepolicy",
      "name": "servicepolicy_181",
      "provider": "provider[\"registry.terraform.io/juniper/mist\"]",
      "instances": [
        {
          "schema_version": 0,
          "attributes": {
            "action": "allow",
            "appqoe": null,
            "ewf": null,
            "id": "e869b1ce-5f3d-49d6-91d7-2f3c417c3419",
            "idp": {
              "alert_only": null,
              "enabled": false,
              "idpprofile_id": null,
              "profile": "strict"
            },
            "local_routing": false,
            "name": "055_410-dmb-4-VLAN410",
            "org_id": "b3e13549-d254-43d3-b62c-ce121b957327",
            "path_preference": null,
            "services": [
              "10_X_Y_160-27-TCP_22501"
            ],
            "tenants": [
              "CORE_VLAN410"
            ]
          },
          "sensitive_attributes": [],
          "dependencies": [
            "mist_org.terraform_test"
          ]
        }
      ]
    },
    {
      "mode": "managed",
      "type": "mist_org_servicepolicy",
      "name": "servicepolicy_182",
      "provider": "provider[\"registry.terraform.io/juniper/mist\"]",
      "instances": [
        {
          "schema_version": 0,
          "attributes": {
            "action": "allow",
            "appqoe": null,
            "ewf": null,
            "id": "e491decd-b7ce-4996-b381-976f797ee074",
            "idp": {
              "alert_only": null,
              "enabled": false,
              "idpprofile_id": null,
              "profile": "strict"
            },
            "local_routing": false,
            "name": "081_410-dmb-8-VLAN430",
            "org_id": "b3e13549-d254-43d3-b62c-ce121b957327",
            "path_preference": null,
            "services": [
              "10_X_Y_160-27-TCP_8888"
            ],
            "tenants": [
              "CORE_VLAN410"
            ]
          },
          "sensitive_attributes": [],
          "dependencies": [
            "mist_org.terraform_test"
          ]
        }
      ]
    },
    {
      "mode": "managed",
      "type": "mist_org_servicepolicy",
      "name": "servicepolicy_183",
      "provider": "provider[\"registry.terraform.io/juniper/mist\"]",
      "instances": [
        {
          "schema_version": 0,
          "attributes": {
            "action": "allow",
            "appqoe": null,
            "ewf": null,
            "id": "1b201885-e8eb-49ed-b05f-f4ffaddffd20",
            "idp": {
              "alert_only": null,
              "enabled": false,
              "idpprofile_id": null,
              "profile": "strict"
            },
            "local_routing": false,
            "name": "227_494-control-0-VLAN494",
            "org_id": "b3e13549-d254-43d3-b62c-ce121b957327",
            "path_preference": null,
            "services": [
              "ANY-TCP_1163",
              "ANY-TCP_8112"
            ],
            "tenants": [
              "IOT_WIRELESS_VLAN494"
            ]
          },
          "sensitive_attributes": [],
          "dependencies": [
            "mist_org.terraform_test"
          ]
        }
      ]
    },
    {
      "mode": "managed",
      "type": "mist_org_servicepolicy",
      "name": "servicepolicy_184",
      "provider": "provider[\"registry.terraform.io/juniper/mist\"]",
      "instances": [
        {
          "schema_version": 0,
          "attributes": {
            "action": "allow",
            "appqoe": null,
            "ewf": null,
            "id": "74fdd7f2-c8a2-4a60-a35c-36da6c27a92d",
            "idp": {
              "alert_only": null,
              "enabled": false,
              "idpprofile_id": null,
              "profile": "strict"
            },
            "local_routing": false,
            "name": "010_410-bos-isp-1-VLAN410",
            "org_id": "b3e13549-d254-43d3-b62c-ce121b957327",
            "path_preference": null,
            "services": [
              "ANY-TCP_443"
            ],
            "tenants": [
              "CORE_51.CORE_VLAN410"
            ]
          },
          "sensitive_attributes": [],
          "dependencies": [
            "mist_org.terraform_test"
          ]
        }
      ]
    },
    {
      "mode": "managed",
      "type": "mist_org_servicepolicy",
      "name": "servicepolicy_185",
      "provider": "provider[\"registry.terraform.io/juniper/mist\"]",
      "instances": [
        {
          "schema_version": 0,
          "attributes": {
            "action": "allow",
            "appqoe": null,
            "ewf": null,
            "id": "3aefe923-1af8-444f-86bc-f1527acdadcf",
            "idp": {
              "alert_only": null,
              "enabled": false,
              "idpprofile_id": null,
              "profile": "strict"
            },
            "local_routing": false,
            "name": "082_410-dmb-9-VLAN430",
            "org_id": "b3e13549-d254-43d3-b62c-ce121b957327",
            "path_preference": null,
            "services": [
              "10_X_Y_160-27-ANY"
            ],
            "tenants": [
              "CORE_VLAN410"
            ]
          },
          "sensitive_attributes": [],
          "dependencies": [
            "mist_org.terraform_test"
          ]
        }
      ]
    },
    {
      "mode": "managed",
      "type": "mist_org_servicepolicy",
      "name": "servicepolicy_186",
      "provider": "provider[\"registry.terraform.io/juniper/mist\"]",
      "instances": [
        {
          "schema_version": 0,
          "attributes": {
            "action": "allow",
            "appqoe": null,
            "ewf": null,
            "id": "66a48822-dc9f-4c07-8c78-00fc355dffaa",
            "idp": {
              "alert_only": null,
              "enabled": false,
              "idpprofile_id": null,
              "profile": "strict"
            },
            "local_routing": false,
            "name": "228_494-control-2-VLAN494",
            "org_id": "b3e13549-d254-43d3-b62c-ce121b957327",
            "path_preference": null,
            "services": [
              "ANY-UDP_67",
              "ANY-UDP_68"
            ],
            "tenants": [
              "IOT_WIRELESS_VLAN494"
            ]
          },
          "sensitive_attributes": [],
          "dependencies": [
            "mist_org.terraform_test"
          ]
        }
      ]
    },
    {
      "mode": "managed",
      "type": "mist_org_servicepolicy",
      "name": "servicepolicy_187",
      "provider": "provider[\"registry.terraform.io/juniper/mist\"]",
      "instances": [
        {
          "schema_version": 0,
          "attributes": {
            "action": "allow",
            "appqoe": null,
            "ewf": null,
            "id": "9fa19bf2-452f-4072-abc1-455de7e9b08e",
            "idp": null,
            "local_routing": false,
            "name": "460_to_any_prisma_bypass",
            "org_id": "b3e13549-d254-43d3-b62c-ce121b957327",
            "path_preference": null,
            "services": [
              "any"
            ],
            "tenants": [
              "AUTOMATION_VLAN460"
            ]
          },
          "sensitive_attributes": [],
          "dependencies": [
            "mist_org.terraform_test"
          ]
        }
      ]
    },
    {
      "mode": "managed",
      "type": "mist_org_servicepolicy",
      "name": "servicepolicy_188",
      "provider": "provider[\"registry.terraform.io/juniper/mist\"]",
      "instances": [
        {
          "schema_version": 0,
          "attributes": {
            "action": "allow",
            "appqoe": null,
            "ewf": null,
            "id": "fc2b70c7-df39-4e61-a6c3-4175eed941ce",
            "idp": {
              "alert_only": null,
              "enabled": false,
              "idpprofile_id": null,
              "profile": "strict"
            },
            "local_routing": false,
            "name": "083_410-cod-0-VLAN430",
            "org_id": "b3e13549-d254-43d3-b62c-ce121b957327",
            "path_preference": null,
            "services": [
              "10_X_Y_160-27-TCP_225"
            ],
            "tenants": [
              "Gr_CORE_12_14_25.CORE_VLAN410"
            ]
          },
          "sensitive_attributes": [],
          "dependencies": [
            "mist_org.terraform_test"
          ]
        }
      ]
    },
    {
      "mode": "managed",
      "type": "mist_org_servicepolicy",
      "name": "servicepolicy_189",
      "provider": "provider[\"registry.terraform.io/juniper/mist\"]",
      "instances": [
        {
          "schema_version": 0,
          "attributes": {
            "action": "allow",
            "appqoe": null,
            "ewf": null,
            "id": "681fd7c6-dd24-4ed9-8f20-d4d7f8f4f71b",
            "idp": {
              "alert_only": null,
              "enabled": false,
              "idpprofile_id": null,
              "profile": "strict"
            },
            "local_routing": false,
            "name": "093_410-cod-10-VLAN430",
            "org_id": "b3e13549-d254-43d3-b62c-ce121b957327",
            "path_preference": null,
            "services": [
              "10_X_Y_168-TCP_225"
            ],
            "tenants": [
              "CORE_14.CORE_VLAN410"
            ]
          },
          "sensitive_attributes": [],
          "dependencies": [
            "mist_org.terraform_test"
          ]
        }
      ]
    },
    {
      "mode": "managed",
      "type": "mist_org_servicepolicy",
      "name": "servicepolicy_19",
      "provider": "provider[\"registry.terraform.io/juniper/mist\"]",
      "instances": [
        {
          "schema_version": 0,
          "attributes": {
            "action": "allow",
            "appqoe": null,
            "ewf": null,
            "id": "7f498fe7-4bdf-4795-a5e7-3c931c9fe803",
            "idp": {
              "alert_only": null,
              "enabled": false,
              "idpprofile_id": null,
              "profile": "strict"
            },
            "local_routing": false,
            "name": "176c_492-control-7-VLAN492",
            "org_id": "b3e13549-d254-43d3-b62c-ce121b957327",
            "path_preference": null,
            "services": [
              "10_X_Y_161-UDP_53"
            ],
            "tenants": [
              "IOT_WIRED_VLAN492"
            ]
          },
          "sensitive_attributes": [],
          "dependencies": [
            "mist_org.terraform_test"
          ]
        }
      ]
    },
    {
      "mode": "managed",
      "type": "mist_org_servicepolicy",
      "name": "servicepolicy_190",
      "provider": "provider[\"registry.terraform.io/juniper/mist\"]",
      "instances": [
        {
          "schema_version": 0,
          "attributes": {
            "action": "deny",
            "appqoe": null,
            "ewf": null,
            "id": "aae39ca0-e8b5-4435-b88c-ab7c0f18e10d",
            "idp": {
              "alert_only": null,
              "enabled": false,
              "idpprofile_id": null,
              "profile": "strict"
            },
            "local_routing": false,
            "name": "102_450-control-5-VLAN450",
            "org_id": "b3e13549-d254-43d3-b62c-ce121b957327",
            "path_preference": null,
            "services": [
              "172_16_0_0-16-ANY",
              "192_168_0_0-16-ANY",
              "10_0_0_0-8-ANY"
            ],
            "tenants": [
              "PUBLIC_VLAN450"
            ]
          },
          "sensitive_attributes": [],
          "dependencies": [
            "mist_org.terraform_test"
          ]
        }
      ]
    },
    {
      "mode": "managed",
      "type": "mist_org_servicepolicy",
      "name": "servicepolicy_191",
      "provider": "provider[\"registry.terraform.io/juniper/mist\"]",
      "instances": [
        {
          "schema_version": 0,
          "attributes": {
            "action": "allow",
            "appqoe": null,
            "ewf": null,
            "id": "e94fec84-9801-492c-8f50-f4919de916bc",
            "idp": {
              "alert_only": null,
              "enabled": false,
              "idpprofile_id": null,
              "profile": "strict"
            },
            "local_routing": false,
            "name": "011_410-bos-isp-2-VLAN410",
            "org_id": "b3e13549-d254-43d3-b62c-ce121b957327",
            "path_preference": null,
            "services": [
              "ANY-TCP_80"
            ],
            "tenants": [
              "CORE_51.CORE_VLAN410"
            ]
          },
          "sensitive_attributes": [],
          "dependencies": [
            "mist_org.terraform_test"
          ]
        }
      ]
    },
    {
      "mode": "managed",
      "type": "mist_org_servicepolicy",
      "name": "servicepolicy_192",
      "provider": "provider[\"registry.terraform.io/juniper/mist\"]",
      "instances": [
        {
          "schema_version": 0,
          "attributes": {
            "action": "allow",
            "appqoe": null,
            "ewf": null,
            "id": "75d0e7f2-ad5b-4a60-a6f0-22ec4f0a2ff1",
            "idp": {
              "alert_only": null,
              "enabled": false,
              "idpprofile_id": null,
              "profile": "strict"
            },
            "local_routing": false,
            "name": "167c_491-control-6-VLAN491",
            "org_id": "b3e13549-d254-43d3-b62c-ce121b957327",
            "path_preference": null,
            "services": [
              "10_X_Y_161-UDP_53"
            ],
            "tenants": [
              "PRIVATE_VLAN491"
            ]
          },
          "sensitive_attributes": [],
          "dependencies": [
            "mist_org.terraform_test"
          ]
        }
      ]
    },
    {
      "mode": "managed",
      "type": "mist_org_servicepolicy",
      "name": "servicepolicy_193",
      "provider": "provider[\"registry.terraform.io/juniper/mist\"]",
      "instances": [
        {
          "schema_version": 0,
          "attributes": {
            "action": "allow",
            "appqoe": null,
            "ewf": null,
            "id": "7dbbfc30-8f5d-468b-8522-013c143f5748",
            "idp": {
              "alert_only": null,
              "enabled": false,
              "idpprofile_id": null,
              "profile": "strict"
            },
            "local_routing": false,
            "name": "085_410-cod-2-VLAN430",
            "org_id": "b3e13549-d254-43d3-b62c-ce121b957327",
            "path_preference": null,
            "services": [
              "10_X_Y_168-TCP_225"
            ],
            "tenants": [
              "CORE_25.CORE_VLAN410"
            ]
          },
          "sensitive_attributes": [],
          "dependencies": [
            "mist_org.terraform_test"
          ]
        }
      ]
    },
    {
      "mode": "managed",
      "type": "mist_org_servicepolicy",
      "name": "servicepolicy_194",
      "provider": "provider[\"registry.terraform.io/juniper/mist\"]",
      "instances": [
        {
          "schema_version": 0,
          "attributes": {
            "action": "deny",
            "appqoe": null,
            "ewf": null,
            "id": "5357fadd-92b4-4b75-924a-c98cd994b45d",
            "idp": {
              "alert_only": null,
              "enabled": false,
              "idpprofile_id": null,
              "profile": "strict"
            },
            "local_routing": false,
            "name": "111_deny-rfc-privateip-0-VLAN451",
            "org_id": "b3e13549-d254-43d3-b62c-ce121b957327",
            "path_preference": null,
            "services": [
              "172_16_0_0-16-ANY",
              "192_168_0_0-16-ANY",
              "10_0_0_0-8-ANY"
            ],
            "tenants": [
              "CREW_VLAN451"
            ]
          },
          "sensitive_attributes": [],
          "dependencies": [
            "mist_org.terraform_test"
          ]
        }
      ]
    },
    {
      "mode": "managed",
      "type": "mist_org_servicepolicy",
      "name": "servicepolicy_195",
      "provider": "provider[\"registry.terraform.io/juniper/mist\"]",
      "instances": [
        {
          "schema_version": 0,
          "attributes": {
            "action": "allow",
            "appqoe": null,
            "ewf": null,
            "id": "ca8a5aff-8bac-4516-b13b-1b288b3778ac",
            "idp": {
              "alert_only": null,
              "enabled": false,
              "idpprofile_id": null,
              "profile": "strict"
            },
            "local_routing": false,
            "name": "181_pk-test-494-492-r4-VLAN492",
            "org_id": "b3e13549-d254-43d3-b62c-ce121b957327",
            "path_preference": null,
            "services": [
              "192_168_94_0-23-TCP_22"
            ],
            "tenants": [
              "Gr2_IoT_Wired.IOT_WIRED_VLAN492"
            ]
          },
          "sensitive_attributes": [],
          "dependencies": [
            "mist_org.terraform_test"
          ]
        }
      ]
    },
    {
      "mode": "managed",
      "type": "mist_org_servicepolicy",
      "name": "servicepolicy_196",
      "provider": "provider[\"registry.terraform.io/juniper/mist\"]",
      "instances": [
        {
          "schema_version": 0,
          "attributes": {
            "action": "allow",
            "appqoe": null,
            "ewf": null,
            "id": "36c5300a-95c3-4f92-856b-e323a80fa8bc",
            "idp": {
              "alert_only": null,
              "enabled": false,
              "idpprofile_id": null,
              "profile": "strict"
            },
            "local_routing": false,
            "name": "IN_BAND_MGMT",
            "org_id": "b3e13549-d254-43d3-b62c-ce121b957327",
            "path_preference": null,
            "services": [
              "any"
            ],
            "tenants": [
              "MGMT"
            ]
          },
          "sensitive_attributes": [],
          "dependencies": [
            "mist_org.terraform_test"
          ]
        }
      ]
    },
    {
      "mode": "managed",
      "type": "mist_org_servicepolicy",
      "name": "servicepolicy_197",
      "provider": "provider[\"registry.terraform.io/juniper/mist\"]",
      "instances": [
        {
          "schema_version": 0,
          "attributes": {
            "action": "allow",
            "appqoe": null,
            "ewf": null,
            "id": "51dc973f-d404-4ccb-ae3c-41f570dd13d3",
            "idp": {
              "alert_only": null,
              "enabled": false,
              "idpprofile_id": null,
              "profile": "strict"
            },
            "local_routing": false,
            "name": "167a_491-control-6-VLAN491",
            "org_id": "b3e13549-d254-43d3-b62c-ce121b957327",
            "path_preference": null,
            "services": [
              "10_X_Y_62-UDP_53"
            ],
            "tenants": [
              "PRIVATE_VLAN491"
            ]
          },
          "sensitive_attributes": [],
          "dependencies": [
            "mist_org.terraform_test"
          ]
        }
      ]
    },
    {
      "mode": "managed",
      "type": "mist_org_servicepolicy",
      "name": "servicepolicy_198",
      "provider": "provider[\"registry.terraform.io/juniper/mist\"]",
      "instances": [
        {
          "schema_version": 0,
          "attributes": {
            "action": "allow",
            "appqoe": null,
            "ewf": null,
            "id": "26133eab-742a-4edc-a180-6af7fccfe6bc",
            "idp": {
              "alert_only": null,
              "enabled": false,
              "idpprofile_id": null,
              "profile": "strict"
            },
            "local_routing": false,
            "name": "086_410-cod-3-VLAN430",
            "org_id": "b3e13549-d254-43d3-b62c-ce121b957327",
            "path_preference": null,
            "services": [
              "10_X_Y_169-TCP_225"
            ],
            "tenants": [
              "CORE_25.CORE_VLAN410"
            ]
          },
          "sensitive_attributes": [],
          "dependencies": [
            "mist_org.terraform_test"
          ]
        }
      ]
    },
    {
      "mode": "managed",
      "type": "mist_org_servicepolicy",
      "name": "servicepolicy_199",
      "provider": "provider[\"registry.terraform.io/juniper/mist\"]",
      "instances": [
        {
          "schema_version": 0,
          "attributes": {
            "action": "deny",
            "appqoe": null,
            "ewf": null,
            "id": "f15df825-02c9-4987-aad8-cf940de88865",
            "idp": {
              "alert_only": null,
              "enabled": false,
              "idpprofile_id": null,
              "profile": "strict"
            },
            "local_routing": false,
            "name": "Deny-Any-Any",
            "org_id": "b3e13549-d254-43d3-b62c-ce121b957327",
            "path_preference": null,
            "services": [
              "192_168_6_0-24-ANY",
              "192_168_90_0-24-ANY",
              "192_168_91_0-24-ANY",
              "10_X_Y_0-24-ANY",
              "192_168_4_0-23-ANY"
            ],
            "tenants": [
              "PUBLIC_VLAN450",
              "CREW_VLAN451",
              "UNTRUSTED_VLAN490",
              "CORE_VLAN410",
              "AUTOMATION_VLAN460"
            ]
          },
          "sensitive_attributes": [],
          "dependencies": [
            "mist_org.terraform_test"
          ]
        }
      ]
    },
    {
      "mode": "managed",
      "type": "mist_org_servicepolicy",
      "name": "servicepolicy_2",
      "provider": "provider[\"registry.terraform.io/juniper/mist\"]",
      "instances": [
        {
          "schema_version": 0,
          "attributes": {
            "action": "allow",
            "appqoe": null,
            "ewf": null,
            "id": "8212a6d0-a2a3-42a4-b262-c4a3bf8b30cf",
            "idp": {
              "alert_only": null,
              "enabled": false,
              "idpprofile_id": null,
              "profile": "strict"
            },
            "local_routing": false,
            "name": "071_410-420-bi-com-0-VLAN420",
            "org_id": "b3e13549-d254-43d3-b62c-ce121b957327",
            "path_preference": null,
            "services": [
              "10_X_Y_128-27-TCP_8123"
            ],
            "tenants": [
              "CORE_1.CORE_VLAN410",
              "CORE_25.CORE_VLAN410"
            ]
          },
          "sensitive_attributes": [],
          "dependencies": [
            "mist_org.terraform_test"
          ]
        }
      ]
    },
    {
      "mode": "managed",
      "type": "mist_org_servicepolicy",
      "name": "servicepolicy_20",
      "provider": "provider[\"registry.terraform.io/juniper/mist\"]",
      "instances": [
        {
          "schema_version": 0,
          "attributes": {
            "action": "allow",
            "appqoe": null,
            "ewf": null,
            "id": "a528c4da-7c3d-4653-a1d0-94988c18c24d",
            "idp": {
              "alert_only": null,
              "enabled": false,
              "idpprofile_id": null,
              "profile": "strict"
            },
            "local_routing": false,
            "name": "178_pk-test-494-492-r1-VLAN492",
            "org_id": "b3e13549-d254-43d3-b62c-ce121b957327",
            "path_preference": null,
            "services": [
              "Gr2_IoT_Wired"
            ],
            "tenants": [
              "IOT_WIRELESS_VLAN494"
            ]
          },
          "sensitive_attributes": [],
          "dependencies": [
            "mist_org.terraform_test"
          ]
        }
      ]
    },
    {
      "mode": "managed",
      "type": "mist_org_servicepolicy",
      "name": "servicepolicy_200",
      "provider": "provider[\"registry.terraform.io/juniper/mist\"]",
      "instances": [
        {
          "schema_version": 0,
          "attributes": {
            "action": "allow",
            "appqoe": null,
            "ewf": null,
            "id": "b36d0d79-dcc3-4f2d-8264-ed6f3a599708",
            "idp": {
              "alert_only": null,
              "enabled": false,
              "idpprofile_id": null,
              "profile": "strict"
            },
            "local_routing": false,
            "name": "012_qsrsoft-vm-rules-0-VLAN410",
            "org_id": "b3e13549-d254-43d3-b62c-ce121b957327",
            "path_preference": null,
            "services": [
              "ANY-TCP_22"
            ],
            "tenants": [
              "Gr_CORE_12_14_25.CORE_VLAN410"
            ]
          },
          "sensitive_attributes": [],
          "dependencies": [
            "mist_org.terraform_test"
          ]
        }
      ]
    },
    {
      "mode": "managed",
      "type": "mist_org_servicepolicy",
      "name": "servicepolicy_201",
      "provider": "provider[\"registry.terraform.io/juniper/mist\"]",
      "instances": [
        {
          "schema_version": 0,
          "attributes": {
            "action": "allow",
            "appqoe": null,
            "ewf": null,
            "id": "8c62b1f7-d24a-42a8-8915-7ce10b3967ab",
            "idp": {
              "alert_only": null,
              "enabled": false,
              "idpprofile_id": null,
              "profile": "strict"
            },
            "local_routing": false,
            "name": "024_410-492-bi-com-5-VLAN410",
            "org_id": "b3e13549-d254-43d3-b62c-ce121b957327",
            "path_preference": null,
            "services": [
              "192_168_92_192-26-TCP_22500"
            ],
            "tenants": [
              "CORE_VLAN410"
            ]
          },
          "sensitive_attributes": [],
          "dependencies": [
            "mist_org.terraform_test"
          ]
        }
      ]
    },
    {
      "mode": "managed",
      "type": "mist_org_servicepolicy",
      "name": "servicepolicy_202",
      "provider": "provider[\"registry.terraform.io/juniper/mist\"]",
      "instances": [
        {
          "schema_version": 0,
          "attributes": {
            "action": "allow",
            "appqoe": null,
            "ewf": null,
            "id": "13fc032b-8f14-4430-aca7-da05dc0cc179",
            "idp": {
              "alert_only": null,
              "enabled": false,
              "idpprofile_id": null,
              "profile": "strict"
            },
            "local_routing": false,
            "name": "087_410-cod-4-VLAN430",
            "org_id": "b3e13549-d254-43d3-b62c-ce121b957327",
            "path_preference": null,
            "services": [
              "10_X_Y_171-TCP_225"
            ],
            "tenants": [
              "CORE_25.CORE_VLAN410"
            ]
          },
          "sensitive_attributes": [],
          "dependencies": [
            "mist_org.terraform_test"
          ]
        }
      ]
    },
    {
      "mode": "managed",
      "type": "mist_org_servicepolicy",
      "name": "servicepolicy_203",
      "provider": "provider[\"registry.terraform.io/juniper/mist\"]",
      "instances": [
        {
          "schema_version": 0,
          "attributes": {
            "action": "allow",
            "appqoe": null,
            "ewf": null,
            "id": "f525631a-416f-4312-b796-1efc00d06734",
            "idp": {
              "alert_only": null,
              "enabled": false,
              "idpprofile_id": null,
              "profile": "strict"
            },
            "local_routing": false,
            "name": "068_ped-devices-rules-3-VLAN420",
            "org_id": "b3e13549-d254-43d3-b62c-ce121b957327",
            "path_preference": null,
            "services": [
              "CORE-TCP-5173"
            ],
            "tenants": [
              "PED_DEVICES-CORE-DNS.CORE_VLAN410",
              "PED_DEVICES-RESTRICTED-DNS.RESTRICTED_VLAN420"
            ]
          },
          "sensitive_attributes": [],
          "dependencies": [
            "mist_org.terraform_test"
          ]
        }
      ]
    },
    {
      "mode": "managed",
      "type": "mist_org_servicepolicy",
      "name": "servicepolicy_204",
      "provider": "provider[\"registry.terraform.io/juniper/mist\"]",
      "instances": [
        {
          "schema_version": 0,
          "attributes": {
            "action": "allow",
            "appqoe": null,
            "ewf": null,
            "id": "1a3ff02d-6cca-4f01-9e11-e4ac288af160",
            "idp": {
              "alert_only": null,
              "enabled": false,
              "idpprofile_id": null,
              "profile": "strict"
            },
            "local_routing": false,
            "name": "021_410-492-bi-com-2-VLAN410",
            "org_id": "b3e13549-d254-43d3-b62c-ce121b957327",
            "path_preference": null,
            "services": [
              "10_X_Y_51-ICMP"
            ],
            "tenants": [
              "IOT_WIRED_50.IOT_WIRED_VLAN492"
            ]
          },
          "sensitive_attributes": [],
          "dependencies": [
            "mist_org.terraform_test"
          ]
        }
      ]
    },
    {
      "mode": "managed",
      "type": "mist_org_servicepolicy",
      "name": "servicepolicy_205",
      "provider": "provider[\"registry.terraform.io/juniper/mist\"]",
      "instances": [
        {
          "schema_version": 0,
          "attributes": {
            "action": "allow",
            "appqoe": null,
            "ewf": null,
            "id": "6a38f148-f451-4782-a29e-b67becad0e3a",
            "idp": {
              "alert_only": null,
              "enabled": false,
              "idpprofile_id": null,
              "profile": "strict"
            },
            "local_routing": false,
            "name": "088_410-cod-5-VLAN430",
            "org_id": "b3e13549-d254-43d3-b62c-ce121b957327",
            "path_preference": null,
            "services": [
              "10_X_Y_172-TCP_225"
            ],
            "tenants": [
              "CORE_25.CORE_VLAN410"
            ]
          },
          "sensitive_attributes": [],
          "dependencies": [
            "mist_org.terraform_test"
          ]
        }
      ]
    },
    {
      "mode": "managed",
      "type": "mist_org_servicepolicy",
      "name": "servicepolicy_206",
      "provider": "provider[\"registry.terraform.io/juniper/mist\"]",
      "instances": [
        {
          "schema_version": 0,
          "attributes": {
            "action": "allow",
            "appqoe": null,
            "ewf": null,
            "id": "9602292a-0911-4b0e-bd3b-d9e1bc1dc38f",
            "idp": {
              "alert_only": null,
              "enabled": false,
              "idpprofile_id": null,
              "profile": "strict"
            },
            "local_routing": false,
            "name": "175c_492-control-5-VLAN492",
            "org_id": "b3e13549-d254-43d3-b62c-ce121b957327",
            "path_preference": null,
            "services": [
              "10_X_Y_161-UDP_123"
            ],
            "tenants": [
              "IOT_WIRED_VLAN492"
            ]
          },
          "sensitive_attributes": [],
          "dependencies": [
            "mist_org.terraform_test"
          ]
        }
      ]
    },
    {
      "mode": "managed",
      "type": "mist_org_servicepolicy",
      "name": "servicepolicy_207",
      "provider": "provider[\"registry.terraform.io/juniper/mist\"]",
      "instances": [
        {
          "schema_version": 0,
          "attributes": {
            "action": "allow",
            "appqoe": null,
            "ewf": null,
            "id": "24ee7fbc-5c72-4c66-8fec-5d13799494a3",
            "idp": {
              "alert_only": null,
              "enabled": false,
              "idpprofile_id": null,
              "profile": "strict"
            },
            "local_routing": false,
            "name": "067_ped-devices-rules-2-VLAN420",
            "org_id": "b3e13549-d254-43d3-b62c-ce121b957327",
            "path_preference": null,
            "services": [
              "CORE-TCP-5172"
            ],
            "tenants": [
              "PED_DEVICES-CORE-DNS.CORE_VLAN410",
              "PED_DEVICES-RESTRICTED-DNS.RESTRICTED_VLAN420"
            ]
          },
          "sensitive_attributes": [],
          "dependencies": [
            "mist_org.terraform_test"
          ]
        }
      ]
    },
    {
      "mode": "managed",
      "type": "mist_org_servicepolicy",
      "name": "servicepolicy_21",
      "provider": "provider[\"registry.terraform.io/juniper/mist\"]",
      "instances": [
        {
          "schema_version": 0,
          "attributes": {
            "action": "allow",
            "appqoe": null,
            "ewf": null,
            "id": "3992cb3d-1775-4c74-962e-0ca23050a683",
            "idp": {
              "alert_only": null,
              "enabled": false,
              "idpprofile_id": null,
              "profile": "strict"
            },
            "local_routing": false,
            "name": "028_410-492-2331-0-VLAN410",
            "org_id": "b3e13549-d254-43d3-b62c-ce121b957327",
            "path_preference": null,
            "services": [
              "192_168_92_192-26-TCP_22500"
            ],
            "tenants": [
              "CORE_VLAN410"
            ]
          },
          "sensitive_attributes": [],
          "dependencies": [
            "mist_org.terraform_test"
          ]
        }
      ]
    },
    {
      "mode": "managed",
      "type": "mist_org_servicepolicy",
      "name": "servicepolicy_22",
      "provider": "provider[\"registry.terraform.io/juniper/mist\"]",
      "instances": [
        {
          "schema_version": 0,
          "attributes": {
            "action": "allow",
            "appqoe": null,
            "ewf": null,
            "id": "f084a0b3-aa5f-4ac7-b835-d525e91d52c5",
            "idp": {
              "alert_only": null,
              "enabled": false,
              "idpprofile_id": null,
              "profile": "strict"
            },
            "local_routing": false,
            "name": "174_492-control-5-VLAN492",
            "org_id": "b3e13549-d254-43d3-b62c-ce121b957327",
            "path_preference": null,
            "services": [
              "10_X_Y_51-UDP_123"
            ],
            "tenants": [
              "IOT_WIRED_VLAN492"
            ]
          },
          "sensitive_attributes": [],
          "dependencies": [
            "mist_org.terraform_test"
          ]
        }
      ]
    },
    {
      "mode": "managed",
      "type": "mist_org_servicepolicy",
      "name": "servicepolicy_23",
      "provider": "provider[\"registry.terraform.io/juniper/mist\"]",
      "instances": [
        {
          "schema_version": 0,
          "attributes": {
            "action": "allow",
            "appqoe": null,
            "ewf": null,
            "id": "e3309f0a-591f-4a7d-9bcc-35c22aa3778f",
            "idp": {
              "alert_only": null,
              "enabled": false,
              "idpprofile_id": null,
              "profile": "strict"
            },
            "local_routing": false,
            "name": "179_pk-test-494-492-r2-VLAN492",
            "org_id": "b3e13549-d254-43d3-b62c-ce121b957327",
            "path_preference": null,
            "services": [
              "Gr2_IoT_Wired"
            ],
            "tenants": [
              "IOT_WIRELESS_VLAN494"
            ]
          },
          "sensitive_attributes": [],
          "dependencies": [
            "mist_org.terraform_test"
          ]
        }
      ]
    },
    {
      "mode": "managed",
      "type": "mist_org_servicepolicy",
      "name": "servicepolicy_24",
      "provider": "provider[\"registry.terraform.io/juniper/mist\"]",
      "instances": [
        {
          "schema_version": 0,
          "attributes": {
            "action": "allow",
            "appqoe": null,
            "ewf": null,
            "id": "7765b388-8dac-4e65-824e-c70812652cc6",
            "idp": {
              "alert_only": null,
              "enabled": false,
              "idpprofile_id": null,
              "profile": "strict"
            },
            "local_routing": false,
            "name": "029_410-492-2331-1-VLAN410",
            "org_id": "b3e13549-d254-43d3-b62c-ce121b957327",
            "path_preference": null,
            "services": [
              "192_168_92_192-26-TCP_22501"
            ],
            "tenants": [
              "CORE_VLAN410"
            ]
          },
          "sensitive_attributes": [],
          "dependencies": [
            "mist_org.terraform_test"
          ]
        }
      ]
    },
    {
      "mode": "managed",
      "type": "mist_org_servicepolicy",
      "name": "servicepolicy_25",
      "provider": "provider[\"registry.terraform.io/juniper/mist\"]",
      "instances": [
        {
          "schema_version": 0,
          "attributes": {
            "action": "allow",
            "appqoe": null,
            "ewf": null,
            "id": "402baa39-a423-48e8-b945-a06ccc508e43",
            "idp": {
              "alert_only": null,
              "enabled": false,
              "idpprofile_id": null,
              "profile": "strict"
            },
            "local_routing": false,
            "name": "095_410-cod-12-VLAN430",
            "org_id": "b3e13549-d254-43d3-b62c-ce121b957327",
            "path_preference": null,
            "services": [
              "10_X_Y_171-TCP_225"
            ],
            "tenants": [
              "CORE_14.CORE_VLAN410"
            ]
          },
          "sensitive_attributes": [],
          "dependencies": [
            "mist_org.terraform_test"
          ]
        }
      ]
    },
    {
      "mode": "managed",
      "type": "mist_org_servicepolicy",
      "name": "servicepolicy_26",
      "provider": "provider[\"registry.terraform.io/juniper/mist\"]",
      "instances": [
        {
          "schema_version": 0,
          "attributes": {
            "action": "allow",
            "appqoe": null,
            "ewf": null,
            "id": "47314aad-900c-40e7-8c8e-431138236f28",
            "idp": {
              "alert_only": null,
              "enabled": false,
              "idpprofile_id": null,
              "profile": "strict"
            },
            "local_routing": false,
            "name": "180_pk-test-494-492-r3-VLAN492",
            "org_id": "b3e13549-d254-43d3-b62c-ce121b957327",
            "path_preference": null,
            "services": [
              "Gr2_IoT_Wired"
            ],
            "tenants": [
              "IOT_WIRELESS_VLAN494"
            ]
          },
          "sensitive_attributes": [],
          "dependencies": [
            "mist_org.terraform_test"
          ]
        }
      ]
    },
    {
      "mode": "managed",
      "type": "mist_org_servicepolicy",
      "name": "servicepolicy_27",
      "provider": "provider[\"registry.terraform.io/juniper/mist\"]",
      "instances": [
        {
          "schema_version": 0,
          "attributes": {
            "action": "allow",
            "appqoe": null,
            "ewf": null,
            "id": "58aad7d7-4d06-4c69-9983-e35f8f0ddf09",
            "idp": {
              "alert_only": null,
              "enabled": false,
              "idpprofile_id": null,
              "profile": "strict"
            },
            "local_routing": false,
            "name": "030_410-492-2331-2-VLAN410",
            "org_id": "b3e13549-d254-43d3-b62c-ce121b957327",
            "path_preference": null,
            "services": [
              "10_X_Y_0-25-TCP_22500"
            ],
            "tenants": [
              "Gr_IoT_WIRED.IOT_WIRED_VLAN492"
            ]
          },
          "sensitive_attributes": [],
          "dependencies": [
            "mist_org.terraform_test"
          ]
        }
      ]
    },
    {
      "mode": "managed",
      "type": "mist_org_servicepolicy",
      "name": "servicepolicy_28",
      "provider": "provider[\"registry.terraform.io/juniper/mist\"]",
      "instances": [
        {
          "schema_version": 0,
          "attributes": {
            "action": "allow",
            "appqoe": null,
            "ewf": null,
            "id": "fd2e87ce-309a-44f4-8dc1-596183f8df88",
            "idp": {
              "alert_only": null,
              "enabled": false,
              "idpprofile_id": null,
              "profile": "strict"
            },
            "local_routing": false,
            "name": "175a_492-control-6-VLAN492",
            "org_id": "b3e13549-d254-43d3-b62c-ce121b957327",
            "path_preference": null,
            "services": [
              "10_X_Y_62-UDP_123"
            ],
            "tenants": [
              "IOT_WIRED_VLAN492"
            ]
          },
          "sensitive_attributes": [],
          "dependencies": [
            "mist_org.terraform_test"
          ]
        }
      ]
    },
    {
      "mode": "managed",
      "type": "mist_org_servicepolicy",
      "name": "servicepolicy_29",
      "provider": "provider[\"registry.terraform.io/juniper/mist\"]",
      "instances": [
        {
          "schema_version": 0,
          "attributes": {
            "action": "allow",
            "appqoe": null,
            "ewf": null,
            "id": "20c38fe8-2531-4f25-8a2f-ee8c7feaa205",
            "idp": {
              "alert_only": null,
              "enabled": false,
              "idpprofile_id": null,
              "profile": "strict"
            },
            "local_routing": false,
            "name": "150_control-vlan-490-2-VLAN490",
            "org_id": "b3e13549-d254-43d3-b62c-ce121b957327",
            "path_preference": null,
            "services": [
              "192_168_90_129-ICMP"
            ],
            "tenants": [
              "UNTRUSTED_VLAN490"
            ]
          },
          "sensitive_attributes": [],
          "dependencies": [
            "mist_org.terraform_test"
          ]
        }
      ]
    },
    {
      "mode": "managed",
      "type": "mist_org_servicepolicy",
      "name": "servicepolicy_3",
      "provider": "provider[\"registry.terraform.io/juniper/mist\"]",
      "instances": [
        {
          "schema_version": 0,
          "attributes": {
            "action": "allow",
            "appqoe": null,
            "ewf": null,
            "id": "8958d322-111d-42c9-bbe3-82fc34f35ac1",
            "idp": {
              "alert_only": null,
              "enabled": false,
              "idpprofile_id": null,
              "profile": "strict"
            },
            "local_routing": false,
            "name": "018_410-420-bi-com-1-VLAN410",
            "org_id": "b3e13549-d254-43d3-b62c-ce121b957327",
            "path_preference": null,
            "services": [
              "CORE_1_25-TCP-8123"
            ],
            "tenants": [
              "RESTRICTED_VLAN420"
            ]
          },
          "sensitive_attributes": [],
          "dependencies": [
            "mist_org.terraform_test"
          ]
        }
      ]
    },
    {
      "mode": "managed",
      "type": "mist_org_servicepolicy",
      "name": "servicepolicy_30",
      "provider": "provider[\"registry.terraform.io/juniper/mist\"]",
      "instances": [
        {
          "schema_version": 0,
          "attributes": {
            "action": "allow",
            "appqoe": null,
            "ewf": null,
            "id": "00633927-0cdf-4063-8c57-ba9e224ce6fe",
            "idp": {
              "alert_only": null,
              "enabled": false,
              "idpprofile_id": null,
              "profile": "strict"
            },
            "local_routing": false,
            "name": "031_410-492-2331-3-VLAN410",
            "org_id": "b3e13549-d254-43d3-b62c-ce121b957327",
            "path_preference": null,
            "services": [
              "10_X_Y_0-25-TCP_22501"
            ],
            "tenants": [
              "Gr_IoT_WIRED.IOT_WIRED_VLAN492"
            ]
          },
          "sensitive_attributes": [],
          "dependencies": [
            "mist_org.terraform_test"
          ]
        }
      ]
    },
    {
      "mode": "managed",
      "type": "mist_org_servicepolicy",
      "name": "servicepolicy_31",
      "provider": "provider[\"registry.terraform.io/juniper/mist\"]",
      "instances": [
        {
          "schema_version": 0,
          "attributes": {
            "action": "allow",
            "appqoe": null,
            "ewf": null,
            "id": "eafcdac7-1fbf-466d-b0a8-ab6356133408",
            "idp": {
              "alert_only": null,
              "enabled": false,
              "idpprofile_id": null,
              "profile": "strict"
            },
            "local_routing": false,
            "name": "039_410-cod-7-VLAN410",
            "org_id": "b3e13549-d254-43d3-b62c-ce121b957327",
            "path_preference": null,
            "services": [
              "10_X_Y_169-TCP_225"
            ],
            "tenants": [
              "CORE_12.CORE_VLAN410"
            ]
          },
          "sensitive_attributes": [],
          "dependencies": [
            "mist_org.terraform_test"
          ]
        }
      ]
    },
    {
      "mode": "managed",
      "type": "mist_org_servicepolicy",
      "name": "servicepolicy_32",
      "provider": "provider[\"registry.terraform.io/juniper/mist\"]",
      "instances": [
        {
          "schema_version": 0,
          "attributes": {
            "action": "allow",
            "appqoe": null,
            "ewf": null,
            "id": "cbb27790-a8db-40f2-84f0-72e48c7f1eaa",
            "idp": {
              "alert_only": null,
              "enabled": false,
              "idpprofile_id": null,
              "profile": "strict"
            },
            "local_routing": false,
            "name": "096_410-cod-13-VLAN430",
            "org_id": "b3e13549-d254-43d3-b62c-ce121b957327",
            "path_preference": null,
            "services": [
              "10_X_Y_172-TCP_225"
            ],
            "tenants": [
              "CORE_14.CORE_VLAN410"
            ]
          },
          "sensitive_attributes": [],
          "dependencies": [
            "mist_org.terraform_test"
          ]
        }
      ]
    },
    {
      "mode": "managed",
      "type": "mist_org_servicepolicy",
      "name": "servicepolicy_33",
      "provider": "provider[\"registry.terraform.io/juniper/mist\"]",
      "instances": [
        {
          "schema_version": 0,
          "attributes": {
            "action": "allow",
            "appqoe": null,
            "ewf": null,
            "id": "6f52ed05-7373-4233-bea9-eb4af55af937",
            "idp": {
              "alert_only": null,
              "enabled": false,
              "idpprofile_id": null,
              "profile": "strict"
            },
            "local_routing": false,
            "name": "151_livestore-sec-cam-0-VLAN490",
            "org_id": "b3e13549-d254-43d3-b62c-ce121b957327",
            "path_preference": null,
            "services": [
              "192_168_90_130-TCP_80"
            ],
            "tenants": [
              "CORE_51.CORE_VLAN410"
            ]
          },
          "sensitive_attributes": [],
          "dependencies": [
            "mist_org.terraform_test"
          ]
        }
      ]
    },
    {
      "mode": "managed",
      "type": "mist_org_servicepolicy",
      "name": "servicepolicy_34",
      "provider": "provider[\"registry.terraform.io/juniper/mist\"]",
      "instances": [
        {
          "schema_version": 0,
          "attributes": {
            "action": "allow",
            "appqoe": null,
            "ewf": null,
            "id": "4f75602c-8a7b-4887-94fb-20eb6372fb74",
            "idp": {
              "alert_only": null,
              "enabled": false,
              "idpprofile_id": null,
              "profile": "strict"
            },
            "local_routing": false,
            "name": "032_410-cod-0-VLAN410",
            "org_id": "b3e13549-d254-43d3-b62c-ce121b957327",
            "path_preference": null,
            "services": [
              "10_X_Y_160-27-TCP_225"
            ],
            "tenants": [
              "Gr_CORE_12_14_25.CORE_VLAN410"
            ]
          },
          "sensitive_attributes": [],
          "dependencies": [
            "mist_org.terraform_test"
          ]
        }
      ]
    },
    {
      "mode": "managed",
      "type": "mist_org_servicepolicy",
      "name": "servicepolicy_35",
      "provider": "provider[\"registry.terraform.io/juniper/mist\"]",
      "instances": [
        {
          "schema_version": 0,
          "attributes": {
            "action": "allow",
            "appqoe": null,
            "ewf": null,
            "id": "c64ce14e-e3e2-4197-91cb-1e041cd1ce7e",
            "idp": {
              "alert_only": null,
              "enabled": false,
              "idpprofile_id": null,
              "profile": "strict"
            },
            "local_routing": false,
            "name": "064_livestore-sec-cam-4-VLAN410",
            "org_id": "b3e13549-d254-43d3-b62c-ce121b957327",
            "path_preference": null,
            "services": [
              "192_168_90_130-TCP_20000"
            ],
            "tenants": [
              "CORE_51.CORE_VLAN410"
            ]
          },
          "sensitive_attributes": [],
          "dependencies": [
            "mist_org.terraform_test"
          ]
        }
      ]
    },
    {
      "mode": "managed",
      "type": "mist_org_servicepolicy",
      "name": "servicepolicy_36",
      "provider": "provider[\"registry.terraform.io/juniper/mist\"]",
      "instances": [
        {
          "schema_version": 0,
          "attributes": {
            "action": "deny",
            "appqoe": null,
            "ewf": null,
            "id": "1fb2749e-b53e-45e9-8b5f-7c0158802feb",
            "idp": {
              "alert_only": null,
              "enabled": false,
              "idpprofile_id": null,
              "profile": "strict"
            },
            "local_routing": false,
            "name": "097_papi-block-0-VLAN450",
            "org_id": "b3e13549-d254-43d3-b62c-ce121b957327",
            "path_preference": null,
            "services": [
              "ANY-UDP_8209"
            ],
            "tenants": [
              "PUBLIC_VLAN450"
            ]
          },
          "sensitive_attributes": [],
          "dependencies": [
            "mist_org.terraform_test"
          ]
        }
      ]
    },
    {
      "mode": "managed",
      "type": "mist_org_servicepolicy",
      "name": "servicepolicy_37",
      "provider": "provider[\"registry.terraform.io/juniper/mist\"]",
      "instances": [
        {
          "schema_version": 0,
          "attributes": {
            "action": "deny",
            "appqoe": null,
            "ewf": null,
            "id": "db81f146-6573-4046-a992-b1f810c4e613",
            "idp": {
              "alert_only": null,
              "enabled": false,
              "idpprofile_id": null,
              "profile": "strict"
            },
            "local_routing": false,
            "name": "104_papi-block-0-VLAN451",
            "org_id": "b3e13549-d254-43d3-b62c-ce121b957327",
            "path_preference": null,
            "services": [
              "ANY-UDP_8209"
            ],
            "tenants": [
              "CREW_VLAN451"
            ]
          },
          "sensitive_attributes": [],
          "dependencies": [
            "mist_org.terraform_test"
          ]
        }
      ]
    },
    {
      "mode": "managed",
      "type": "mist_org_servicepolicy",
      "name": "servicepolicy_38",
      "provider": "provider[\"registry.terraform.io/juniper/mist\"]",
      "instances": [
        {
          "schema_version": 0,
          "attributes": {
            "action": "allow",
            "appqoe": null,
            "ewf": null,
            "id": "4642b313-0402-4923-b15b-f4a61165b61e",
            "idp": {
              "alert_only": null,
              "enabled": false,
              "idpprofile_id": null,
              "profile": "strict"
            },
            "local_routing": false,
            "name": "112_int-src-nat-pri4-0-VLAN451",
            "org_id": "b3e13549-d254-43d3-b62c-ce121b957327",
            "path_preference": null,
            "services": [
              "any"
            ],
            "tenants": [
              "CREW_VLAN451"
            ]
          },
          "sensitive_attributes": [],
          "dependencies": [
            "mist_org.terraform_test"
          ]
        }
      ]
    },
    {
      "mode": "managed",
      "type": "mist_org_servicepolicy",
      "name": "servicepolicy_39",
      "provider": "provider[\"registry.terraform.io/juniper/mist\"]",
      "instances": [
        {
          "schema_version": 0,
          "attributes": {
            "action": "allow",
            "appqoe": null,
            "ewf": null,
            "id": "98885e67-35f0-41c5-81f5-ca47e5e6fc75",
            "idp": {
              "alert_only": null,
              "enabled": false,
              "idpprofile_id": null,
              "profile": "strict"
            },
            "local_routing": false,
            "name": "033_410-cod-1-VLAN410",
            "org_id": "b3e13549-d254-43d3-b62c-ce121b957327",
            "path_preference": null,
            "services": [
              "10_X_Y_160-27-TCP_4983"
            ],
            "tenants": [
              "Gr_CORE_12_14_25.CORE_VLAN410"
            ]
          },
          "sensitive_attributes": [],
          "dependencies": [
            "mist_org.terraform_test"
          ]
        }
      ]
    },
    {
      "mode": "managed",
      "type": "mist_org_servicepolicy",
      "name": "servicepolicy_4",
      "provider": "provider[\"registry.terraform.io/juniper/mist\"]",
      "instances": [
        {
          "schema_version": 0,
          "attributes": {
            "action": "allow",
            "appqoe": null,
            "ewf": null,
            "id": "a5f53ab6-b4ed-47da-b9f9-5e3fc0638af7",
            "idp": {
              "alert_only": null,
              "enabled": false,
              "idpprofile_id": null,
              "profile": "strict"
            },
            "local_routing": false,
            "name": "090_410-cod-7-VLAN430",
            "org_id": "b3e13549-d254-43d3-b62c-ce121b957327",
            "path_preference": null,
            "services": [
              "10_X_Y_169-TCP_225"
            ],
            "tenants": [
              "CORE_12.CORE_VLAN410"
            ]
          },
          "sensitive_attributes": [],
          "dependencies": [
            "mist_org.terraform_test"
          ]
        }
      ]
    },
    {
      "mode": "managed",
      "type": "mist_org_servicepolicy",
      "name": "servicepolicy_40",
      "provider": "provider[\"registry.terraform.io/juniper/mist\"]",
      "instances": [
        {
          "schema_version": 0,
          "attributes": {
            "action": "deny",
            "appqoe": null,
            "ewf": null,
            "id": "a1f53bdc-4377-403c-8a3c-15d90537dba5",
            "idp": {
              "alert_only": null,
              "enabled": false,
              "idpprofile_id": null,
              "profile": "strict"
            },
            "local_routing": false,
            "name": "157_deny-rfc-privateip-0-VLAN490",
            "org_id": "b3e13549-d254-43d3-b62c-ce121b957327",
            "path_preference": null,
            "services": [
              "192_168_0_0-16-ANY"
            ],
            "tenants": [
              "UNTRUSTED_VLAN490"
            ]
          },
          "sensitive_attributes": [],
          "dependencies": [
            "mist_org.terraform_test"
          ]
        }
      ]
    },
    {
      "mode": "managed",
      "type": "mist_org_servicepolicy",
      "name": "servicepolicy_41",
      "provider": "provider[\"registry.terraform.io/juniper/mist\"]",
      "instances": [
        {
          "schema_version": 0,
          "attributes": {
            "action": "deny",
            "appqoe": null,
            "ewf": null,
            "id": "e3b1d752-8e89-4f21-95c5-aa1aee987751",
            "idp": {
              "alert_only": null,
              "enabled": false,
              "idpprofile_id": null,
              "profile": "strict"
            },
            "local_routing": false,
            "name": "098_papi-block-1-VLAN450",
            "org_id": "b3e13549-d254-43d3-b62c-ce121b957327",
            "path_preference": null,
            "services": [
              "ANY-UDP_8211"
            ],
            "tenants": [
              "PUBLIC_VLAN450"
            ]
          },
          "sensitive_attributes": [],
          "dependencies": [
            "mist_org.terraform_test"
          ]
        }
      ]
    },
    {
      "mode": "managed",
      "type": "mist_org_servicepolicy",
      "name": "servicepolicy_42",
      "provider": "provider[\"registry.terraform.io/juniper/mist\"]",
      "instances": [
        {
          "schema_version": 0,
          "attributes": {
            "action": "allow",
            "appqoe": null,
            "ewf": null,
            "id": "fcbd694a-5ada-4252-a3fe-b22fa956db4a",
            "idp": {
              "alert_only": null,
              "enabled": false,
              "idpprofile_id": null,
              "profile": "strict"
            },
            "local_routing": false,
            "name": "182_pk-test-492-410-r0-VLAN492",
            "org_id": "b3e13549-d254-43d3-b62c-ce121b957327",
            "path_preference": null,
            "services": [
              "10_X_Y_25-TCP_1883"
            ],
            "tenants": [
              "Gr2_IoT_Wired.IOT_WIRED_VLAN492"
            ]
          },
          "sensitive_attributes": [],
          "dependencies": [
            "mist_org.terraform_test"
          ]
        }
      ]
    },
    {
      "mode": "managed",
      "type": "mist_org_servicepolicy",
      "name": "servicepolicy_43",
      "provider": "provider[\"registry.terraform.io/juniper/mist\"]",
      "instances": [
        {
          "schema_version": 0,
          "attributes": {
            "action": "allow",
            "appqoe": null,
            "ewf": null,
            "id": "b1c4503b-a387-4fd1-b20e-018cc5f9470d",
            "idp": {
              "alert_only": null,
              "enabled": false,
              "idpprofile_id": null,
              "profile": "strict"
            },
            "local_routing": false,
            "name": "034_410-cod-2-VLAN410",
            "org_id": "b3e13549-d254-43d3-b62c-ce121b957327",
            "path_preference": null,
            "services": [
              "10_X_Y_168-TCP_225"
            ],
            "tenants": [
              "CORE_25.CORE_VLAN410"
            ]
          },
          "sensitive_attributes": [],
          "dependencies": [
            "mist_org.terraform_test"
          ]
        }
      ]
    },
    {
      "mode": "managed",
      "type": "mist_org_servicepolicy",
      "name": "servicepolicy_44",
      "provider": "provider[\"registry.terraform.io/juniper/mist\"]",
      "instances": [
        {
          "schema_version": 0,
          "attributes": {
            "action": "allow",
            "appqoe": null,
            "ewf": null,
            "id": "676b456b-650c-463a-b28e-efb784346c15",
            "idp": {
              "alert_only": null,
              "enabled": false,
              "idpprofile_id": null,
              "profile": "strict"
            },
            "local_routing": false,
            "name": "101_450-control-2-VLAN450",
            "org_id": "b3e13549-d254-43d3-b62c-ce121b957327",
            "path_preference": null,
            "services": [
              "ANY-UDP_53"
            ],
            "tenants": [
              "PUBLIC_VLAN450"
            ]
          },
          "sensitive_attributes": [],
          "dependencies": [
            "mist_org.terraform_test"
          ]
        }
      ]
    },
    {
      "mode": "managed",
      "type": "mist_org_servicepolicy",
      "name": "servicepolicy_45",
      "provider": "provider[\"registry.terraform.io/juniper/mist\"]",
      "instances": [
        {
          "schema_version": 0,
          "attributes": {
            "action": "allow",
            "appqoe": null,
            "ewf": null,
            "id": "5b0c9eb0-d3a8-4af1-8d19-36891b59ac45",
            "idp": {
              "alert_only": null,
              "enabled": false,
              "idpprofile_id": null,
              "profile": "strict"
            },
            "local_routing": false,
            "name": "109b_control-limited-4-VLAN451",
            "org_id": "b3e13549-d254-43d3-b62c-ce121b957327",
            "path_preference": null,
            "services": [
              "10_X_Y_129-UDP_123"
            ],
            "tenants": [
              "CREW_VLAN451"
            ]
          },
          "sensitive_attributes": [],
          "dependencies": [
            "mist_org.terraform_test"
          ]
        }
      ]
    },
    {
      "mode": "managed",
      "type": "mist_org_servicepolicy",
      "name": "servicepolicy_46",
      "provider": "provider[\"registry.terraform.io/juniper/mist\"]",
      "instances": [
        {
          "schema_version": 0,
          "attributes": {
            "action": "allow",
            "appqoe": null,
            "ewf": null,
            "id": "f9cfb0ed-d632-48cc-9206-ddde2ddd530c",
            "idp": {
              "alert_only": null,
              "enabled": false,
              "idpprofile_id": null,
              "profile": "strict"
            },
            "local_routing": false,
            "name": "Default-rule",
            "org_id": "b3e13549-d254-43d3-b62c-ce121b957327",
            "path_preference": null,
            "services": [
              "any"
            ],
            "tenants": [
              "CORE_VLAN410",
              "RESTRICTED_VLAN420",
              "MANAGEMENT_VLAN430",
              "PCI_VLAN440",
              "PRIVATE_VLAN491",
              "IOT_WIRED_VLAN492",
              "IOT_WIRELESS_VLAN494",
              "SECONDARY_UNTRUSTED_VLAN490.UNTRUSTED_VLAN490",
              "SECONDARY_PRIVATE_VLAN491.PRIVATE_VLAN491",
              "SECONDARY_IOT_WIRELESS_VLAN494.IOT_WIRELESS_VLAN494",
              "SECONDARY_CREW_VLAN451.CREW_VLAN451",
              "SECONDARY_IOT_WIRED_VLAN492.IOT_WIRED_VLAN492"
            ]
          },
          "sensitive_attributes": [],
          "dependencies": [
            "mist_org.terraform_test"
          ]
        }
      ]
    },
    {
      "mode": "managed",
      "type": "mist_org_servicepolicy",
      "name": "servicepolicy_47",
      "provider": "provider[\"registry.terraform.io/juniper/mist\"]",
      "instances": [
        {
          "schema_version": 0,
          "attributes": {
            "action": "allow",
            "appqoe": null,
            "ewf": null,
            "id": "632d94d9-4aea-4db0-a7c0-f509c36a192b",
            "idp": {
              "alert_only": null,
              "enabled": false,
              "idpprofile_id": null,
              "profile": "strict"
            },
            "local_routing": false,
            "name": "099_450-control-0-VLAN450",
            "org_id": "b3e13549-d254-43d3-b62c-ce121b957327",
            "path_preference": null,
            "services": [
              "ANY-TCP_1163",
              "ANY-TCP_8112"
            ],
            "tenants": [
              "PUBLIC_VLAN450"
            ]
          },
          "sensitive_attributes": [],
          "dependencies": [
            "mist_org.terraform_test"
          ]
        }
      ]
    },
    {
      "mode": "managed",
      "type": "mist_org_servicepolicy",
      "name": "servicepolicy_48",
      "provider": "provider[\"registry.terraform.io/juniper/mist\"]",
      "instances": [
        {
          "schema_version": 0,
          "attributes": {
            "action": "allow",
            "appqoe": null,
            "ewf": null,
            "id": "7cbd73da-d57a-4bac-8d10-851dcdf524af",
            "idp": {
              "alert_only": null,
              "enabled": false,
              "idpprofile_id": null,
              "profile": "strict"
            },
            "local_routing": false,
            "name": "035_410-cod-3-VLAN410",
            "org_id": "b3e13549-d254-43d3-b62c-ce121b957327",
            "path_preference": null,
            "services": [
              "10_X_Y_169-TCP_225"
            ],
            "tenants": [
              "CORE_25.CORE_VLAN410"
            ]
          },
          "sensitive_attributes": [],
          "dependencies": [
            "mist_org.terraform_test"
          ]
        }
      ]
    },
    {
      "mode": "managed",
      "type": "mist_org_servicepolicy",
      "name": "servicepolicy_49",
      "provider": "provider[\"registry.terraform.io/juniper/mist\"]",
      "instances": [
        {
          "schema_version": 0,
          "attributes": {
            "action": "allow",
            "appqoe": null,
            "ewf": null,
            "id": "1feccbaf-05cd-4af0-84ca-cb96ebcf90df",
            "idp": {
              "alert_only": null,
              "enabled": false,
              "idpprofile_id": null,
              "profile": "strict"
            },
            "local_routing": false,
            "name": "176b_492-control-7-VLAN492",
            "org_id": "b3e13549-d254-43d3-b62c-ce121b957327",
            "path_preference": null,
            "services": [
              "10_X_Y_129-UDP_53"
            ],
            "tenants": [
              "IOT_WIRED_VLAN492"
            ]
          },
          "sensitive_attributes": [],
          "dependencies": [
            "mist_org.terraform_test"
          ]
        }
      ]
    },
    {
      "mode": "managed",
      "type": "mist_org_servicepolicy",
      "name": "servicepolicy_5",
      "provider": "provider[\"registry.terraform.io/juniper/mist\"]",
      "instances": [
        {
          "schema_version": 0,
          "attributes": {
            "action": "allow",
            "appqoe": null,
            "ewf": null,
            "id": "c3d14842-bba1-4dc6-ab04-cc46e22ff117",
            "idp": {
              "alert_only": null,
              "enabled": false,
              "idpprofile_id": null,
              "profile": "strict"
            },
            "local_routing": false,
            "name": "002f-ped-devices-rules-0-VLAN410",
            "org_id": "b3e13549-d254-43d3-b62c-ce121b957327",
            "path_preference": null,
            "services": [
              "192_168_94_1-UDP_53"
            ],
            "tenants": [
              "PED_DEVICES-CORE-DNS.CORE_VLAN410",
              "PED_DEVICES-RESTRICTED-DNS.RESTRICTED_VLAN420"
            ]
          },
          "sensitive_attributes": [],
          "dependencies": [
            "mist_org.terraform_test"
          ]
        }
      ]
    },
    {
      "mode": "managed",
      "type": "mist_org_servicepolicy",
      "name": "servicepolicy_50",
      "provider": "provider[\"registry.terraform.io/juniper/mist\"]",
      "instances": [
        {
          "schema_version": 0,
          "attributes": {
            "action": "allow",
            "appqoe": null,
            "ewf": null,
            "id": "159b125c-5134-4679-8a47-9ea761e19b0d",
            "idp": {
              "alert_only": null,
              "enabled": false,
              "idpprofile_id": null,
              "profile": "strict"
            },
            "local_routing": false,
            "name": "175f_492-control-7-VLAN492",
            "org_id": "b3e13549-d254-43d3-b62c-ce121b957327",
            "path_preference": null,
            "services": [
              "192_168_94_1-UDP_123"
            ],
            "tenants": [
              "IOT_WIRED_VLAN492"
            ]
          },
          "sensitive_attributes": [],
          "dependencies": [
            "mist_org.terraform_test"
          ]
        }
      ]
    },
    {
      "mode": "managed",
      "type": "mist_org_servicepolicy",
      "name": "servicepolicy_51",
      "provider": "provider[\"registry.terraform.io/juniper/mist\"]",
      "instances": [
        {
          "schema_version": 0,
          "attributes": {
            "action": "allow",
            "appqoe": null,
            "ewf": null,
            "id": "005af1d0-0767-406a-a472-6dc56e756142",
            "idp": {
              "alert_only": null,
              "enabled": false,
              "idpprofile_id": null,
              "profile": "strict"
            },
            "local_routing": false,
            "name": "196_410-492-2331-3-VLAN492",
            "org_id": "b3e13549-d254-43d3-b62c-ce121b957327",
            "path_preference": null,
            "services": [
              "10_X_Y_0-25-TCP_22501"
            ],
            "tenants": [
              "Gr_IoT_WIRED.IOT_WIRED_VLAN492"
            ]
          },
          "sensitive_attributes": [],
          "dependencies": [
            "mist_org.terraform_test"
          ]
        }
      ]
    },
    {
      "mode": "managed",
      "type": "mist_org_servicepolicy",
      "name": "servicepolicy_52",
      "provider": "provider[\"registry.terraform.io/juniper/mist\"]",
      "instances": [
        {
          "schema_version": 0,
          "attributes": {
            "action": "allow",
            "appqoe": null,
            "ewf": null,
            "id": "158448ac-8662-42e8-9ba5-df56e474ce83",
            "idp": {
              "alert_only": null,
              "enabled": false,
              "idpprofile_id": null,
              "profile": "strict"
            },
            "local_routing": false,
            "name": "037_410-cod-5-VLAN410",
            "org_id": "b3e13549-d254-43d3-b62c-ce121b957327",
            "path_preference": null,
            "services": [
              "10_X_Y_172-TCP_225"
            ],
            "tenants": [
              "CORE_25.CORE_VLAN410"
            ]
          },
          "sensitive_attributes": [],
          "dependencies": [
            "mist_org.terraform_test"
          ]
        }
      ]
    },
    {
      "mode": "managed",
      "type": "mist_org_servicepolicy",
      "name": "servicepolicy_53",
      "provider": "provider[\"registry.terraform.io/juniper/mist\"]",
      "instances": [
        {
          "schema_version": 0,
          "attributes": {
            "action": "deny",
            "appqoe": null,
            "ewf": null,
            "id": "4f2ad7c1-8da0-4794-8723-078d180bc184",
            "idp": {
              "alert_only": null,
              "enabled": false,
              "idpprofile_id": null,
              "profile": "strict"
            },
            "local_routing": false,
            "name": "103_URL-block",
            "org_id": "b3e13549-d254-43d3-b62c-ce121b957327",
            "path_preference": null,
            "services": [
              "public_url_block"
            ],
            "tenants": [
              "PUBLIC_VLAN450"
            ]
          },
          "sensitive_attributes": [],
          "dependencies": [
            "mist_org.terraform_test"
          ]
        }
      ]
    },
    {
      "mode": "managed",
      "type": "mist_org_servicepolicy",
      "name": "servicepolicy_54",
      "provider": "provider[\"registry.terraform.io/juniper/mist\"]",
      "instances": [
        {
          "schema_version": 0,
          "attributes": {
            "action": "allow",
            "appqoe": null,
            "ewf": null,
            "id": "555a4890-6b4a-4e15-97be-2e86c022cdb6",
            "idp": {
              "alert_only": null,
              "enabled": false,
              "idpprofile_id": null,
              "profile": "strict"
            },
            "local_routing": false,
            "name": "013_qsrsoft-vm-rules-1-VLAN410",
            "org_id": "b3e13549-d254-43d3-b62c-ce121b957327",
            "path_preference": null,
            "services": [
              "ANY-UDP_53"
            ],
            "tenants": [
              "CORE_23.CORE_VLAN410",
              "CORE_24.CORE_VLAN410"
            ]
          },
          "sensitive_attributes": [],
          "dependencies": [
            "mist_org.terraform_test"
          ]
        }
      ]
    },
    {
      "mode": "managed",
      "type": "mist_org_servicepolicy",
      "name": "servicepolicy_55",
      "provider": "provider[\"registry.terraform.io/juniper/mist\"]",
      "instances": [
        {
          "schema_version": 0,
          "attributes": {
            "action": "allow",
            "appqoe": null,
            "ewf": null,
            "id": "3aa95abe-76f7-40ae-a7f8-ecf76d728fa3",
            "idp": {
              "alert_only": null,
              "enabled": false,
              "idpprofile_id": null,
              "profile": "strict"
            },
            "local_routing": false,
            "name": "038_410-cod-6-VLAN410",
            "org_id": "b3e13549-d254-43d3-b62c-ce121b957327",
            "path_preference": null,
            "services": [
              "10_X_Y_168-TCP_225"
            ],
            "tenants": [
              "CORE_12.CORE_VLAN410"
            ]
          },
          "sensitive_attributes": [],
          "dependencies": [
            "mist_org.terraform_test"
          ]
        }
      ]
    },
    {
      "mode": "managed",
      "type": "mist_org_servicepolicy",
      "name": "servicepolicy_56",
      "provider": "provider[\"registry.terraform.io/juniper/mist\"]",
      "instances": [
        {
          "schema_version": 0,
          "attributes": {
            "action": "allow",
            "appqoe": null,
            "ewf": null,
            "id": "358ab18b-f0ee-4164-8a76-02d2909cfd8f",
            "idp": {
              "alert_only": null,
              "enabled": false,
              "idpprofile_id": null,
              "profile": "strict"
            },
            "local_routing": false,
            "name": "014_qsrsoft-vm-rules-2-VLAN410",
            "org_id": "b3e13549-d254-43d3-b62c-ce121b957327",
            "path_preference": null,
            "services": [
              "ANY-UDP_123"
            ],
            "tenants": [
              "CORE_23.CORE_VLAN410",
              "CORE_24.CORE_VLAN410"
            ]
          },
          "sensitive_attributes": [],
          "dependencies": [
            "mist_org.terraform_test"
          ]
        }
      ]
    },
    {
      "mode": "managed",
      "type": "mist_org_servicepolicy",
      "name": "servicepolicy_57",
      "provider": "provider[\"registry.terraform.io/juniper/mist\"]",
      "instances": [
        {
          "schema_version": 0,
          "attributes": {
            "action": "allow",
            "appqoe": null,
            "ewf": null,
            "id": "5b593d5e-d233-459f-b16d-d2923816add0",
            "idp": {
              "alert_only": null,
              "enabled": false,
              "idpprofile_id": null,
              "profile": "strict"
            },
            "local_routing": false,
            "name": "041_410-cod-9-VLAN410",
            "org_id": "b3e13549-d254-43d3-b62c-ce121b957327",
            "path_preference": null,
            "services": [
              "10_X_Y_172-TCP_225"
            ],
            "tenants": [
              "CORE_12.CORE_VLAN410"
            ]
          },
          "sensitive_attributes": [],
          "dependencies": [
            "mist_org.terraform_test"
          ]
        }
      ]
    },
    {
      "mode": "managed",
      "type": "mist_org_servicepolicy",
      "name": "servicepolicy_58",
      "provider": "provider[\"registry.terraform.io/juniper/mist\"]",
      "instances": [
        {
          "schema_version": 0,
          "attributes": {
            "action": "allow",
            "appqoe": null,
            "ewf": null,
            "id": "e45153a2-df38-4796-96b7-6067447ac308",
            "idp": {
              "alert_only": null,
              "enabled": false,
              "idpprofile_id": null,
              "profile": "strict"
            },
            "local_routing": false,
            "name": "166e_491-control-6-VLAN491",
            "org_id": "b3e13549-d254-43d3-b62c-ce121b957327",
            "path_preference": null,
            "services": [
              "192_168_92_1-UDP_123"
            ],
            "tenants": [
              "PRIVATE_VLAN491"
            ]
          },
          "sensitive_attributes": [],
          "dependencies": [
            "mist_org.terraform_test"
          ]
        }
      ]
    },
    {
      "mode": "managed",
      "type": "mist_org_servicepolicy",
      "name": "servicepolicy_59",
      "provider": "provider[\"registry.terraform.io/juniper/mist\"]",
      "instances": [
        {
          "schema_version": 0,
          "attributes": {
            "action": "allow",
            "appqoe": null,
            "ewf": null,
            "id": "c2ad68ab-dd38-4129-824f-d3355c33d1c0",
            "idp": {
              "alert_only": null,
              "enabled": false,
              "idpprofile_id": null,
              "profile": "strict"
            },
            "local_routing": false,
            "name": "015_qsrsoft-vm-rules-3-VLAN410",
            "org_id": "b3e13549-d254-43d3-b62c-ce121b957327",
            "path_preference": null,
            "services": [
              "ANY-TCP_80"
            ],
            "tenants": [
              "CORE_23.CORE_VLAN410",
              "CORE_24.CORE_VLAN410"
            ]
          },
          "sensitive_attributes": [],
          "dependencies": [
            "mist_org.terraform_test"
          ]
        }
      ]
    },
    {
      "mode": "managed",
      "type": "mist_org_servicepolicy",
      "name": "servicepolicy_6",
      "provider": "provider[\"registry.terraform.io/juniper/mist\"]",
      "instances": [
        {
          "schema_version": 0,
          "attributes": {
            "action": "allow",
            "appqoe": null,
            "ewf": null,
            "id": "1cbd380c-c38c-46a8-8226-b750b52025e8",
            "idp": {
              "alert_only": null,
              "enabled": false,
              "idpprofile_id": null,
              "profile": "strict"
            },
            "local_routing": false,
            "name": "100_450-control-1-VLAN450",
            "org_id": "b3e13549-d254-43d3-b62c-ce121b957327",
            "path_preference": null,
            "services": [
              "ANY-UDP_67",
              "ANY-UDP_68"
            ],
            "tenants": [
              "PUBLIC_VLAN450"
            ]
          },
          "sensitive_attributes": [],
          "dependencies": [
            "mist_org.terraform_test"
          ]
        }
      ]
    },
    {
      "mode": "managed",
      "type": "mist_org_servicepolicy",
      "name": "servicepolicy_60",
      "provider": "provider[\"registry.terraform.io/juniper/mist\"]",
      "instances": [
        {
          "schema_version": 0,
          "attributes": {
            "action": "allow",
            "appqoe": null,
            "ewf": null,
            "id": "0028317e-db4e-4a42-a49f-649a58f6270e",
            "idp": {
              "alert_only": null,
              "enabled": false,
              "idpprofile_id": null,
              "profile": "strict"
            },
            "local_routing": false,
            "name": "192_410-492-bi-comm-8-VLAN492",
            "org_id": "b3e13549-d254-43d3-b62c-ce121b957327",
            "path_preference": null,
            "services": [
              "10_X_Y_0-25-TCP_22501"
            ],
            "tenants": [
              "Gr_IoT_WIRED.IOT_WIRED_VLAN492"
            ]
          },
          "sensitive_attributes": [],
          "dependencies": [
            "mist_org.terraform_test"
          ]
        }
      ]
    },
    {
      "mode": "managed",
      "type": "mist_org_servicepolicy",
      "name": "servicepolicy_61",
      "provider": "provider[\"registry.terraform.io/juniper/mist\"]",
      "instances": [
        {
          "schema_version": 0,
          "attributes": {
            "action": "allow",
            "appqoe": null,
            "ewf": null,
            "id": "e7b2e40e-eb37-43d8-83b8-67ad30187a49",
            "idp": {
              "alert_only": null,
              "enabled": false,
              "idpprofile_id": null,
              "profile": "strict"
            },
            "local_routing": false,
            "name": "042_410-cod-10-VLAN410",
            "org_id": "b3e13549-d254-43d3-b62c-ce121b957327",
            "path_preference": null,
            "services": [
              "10_X_Y_168-TCP_225"
            ],
            "tenants": [
              "CORE_14.CORE_VLAN410"
            ]
          },
          "sensitive_attributes": [],
          "dependencies": [
            "mist_org.terraform_test"
          ]
        }
      ]
    },
    {
      "mode": "managed",
      "type": "mist_org_servicepolicy",
      "name": "servicepolicy_62",
      "provider": "provider[\"registry.terraform.io/juniper/mist\"]",
      "instances": [
        {
          "schema_version": 0,
          "attributes": {
            "action": "allow",
            "appqoe": null,
            "ewf": null,
            "id": "2edc61c9-3535-4b02-9079-29d33f8bd56f",
            "idp": {
              "alert_only": null,
              "enabled": false,
              "idpprofile_id": null,
              "profile": "strict"
            },
            "local_routing": false,
            "name": "193_410-492-2331-0-VLAN492",
            "org_id": "b3e13549-d254-43d3-b62c-ce121b957327",
            "path_preference": null,
            "services": [
              "192_168_92_192-26-TCP_22500"
            ],
            "tenants": [
              "CORE_VLAN410"
            ]
          },
          "sensitive_attributes": [],
          "dependencies": [
            "mist_org.terraform_test"
          ]
        }
      ]
    },
    {
      "mode": "managed",
      "type": "mist_org_servicepolicy",
      "name": "servicepolicy_63",
      "provider": "provider[\"registry.terraform.io/juniper/mist\"]",
      "instances": [
        {
          "schema_version": 0,
          "attributes": {
            "action": "allow",
            "appqoe": null,
            "ewf": null,
            "id": "9fb2cdf5-c5c3-4283-b23b-fde8ea76df95",
            "idp": {
              "alert_only": null,
              "enabled": false,
              "idpprofile_id": null,
              "profile": "strict"
            },
            "local_routing": false,
            "name": "043_410-cod-11-VLAN410",
            "org_id": "b3e13549-d254-43d3-b62c-ce121b957327",
            "path_preference": null,
            "services": [
              "10_X_Y_169-TCP_225"
            ],
            "tenants": [
              "CORE_14.CORE_VLAN410"
            ]
          },
          "sensitive_attributes": [],
          "dependencies": [
            "mist_org.terraform_test"
          ]
        }
      ]
    },
    {
      "mode": "managed",
      "type": "mist_org_servicepolicy",
      "name": "servicepolicy_64",
      "provider": "provider[\"registry.terraform.io/juniper/mist\"]",
      "instances": [
        {
          "schema_version": 0,
          "attributes": {
            "action": "allow",
            "appqoe": null,
            "ewf": null,
            "id": "6fe396b1-81b2-4deb-9f7f-2dacd5ec6ee6",
            "idp": {
              "alert_only": null,
              "enabled": false,
              "idpprofile_id": null,
              "profile": "strict"
            },
            "local_routing": false,
            "name": "194_410-492-2331-1-VLAN492",
            "org_id": "b3e13549-d254-43d3-b62c-ce121b957327",
            "path_preference": null,
            "services": [
              "192_168_92_192-26-TCP_22501"
            ],
            "tenants": [
              "CORE_VLAN410"
            ]
          },
          "sensitive_attributes": [],
          "dependencies": [
            "mist_org.terraform_test"
          ]
        }
      ]
    },
    {
      "mode": "managed",
      "type": "mist_org_servicepolicy",
      "name": "servicepolicy_65",
      "provider": "provider[\"registry.terraform.io/juniper/mist\"]",
      "instances": [
        {
          "schema_version": 0,
          "attributes": {
            "action": "allow",
            "appqoe": null,
            "ewf": null,
            "id": "d5f0c93a-2915-4c38-bea8-5db984a02108",
            "idp": {
              "alert_only": null,
              "enabled": false,
              "idpprofile_id": null,
              "profile": "strict"
            },
            "local_routing": false,
            "name": "044_410-cod-12-VLAN410",
            "org_id": "b3e13549-d254-43d3-b62c-ce121b957327",
            "path_preference": null,
            "services": [
              "10_X_Y_171-TCP_225"
            ],
            "tenants": [
              "CORE_14.CORE_VLAN410"
            ]
          },
          "sensitive_attributes": [],
          "dependencies": [
            "mist_org.terraform_test"
          ]
        }
      ]
    },
    {
      "mode": "managed",
      "type": "mist_org_servicepolicy",
      "name": "servicepolicy_66",
      "provider": "provider[\"registry.terraform.io/juniper/mist\"]",
      "instances": [
        {
          "schema_version": 0,
          "attributes": {
            "action": "allow",
            "appqoe": null,
            "ewf": null,
            "id": "7d214749-4dfe-4562-a2aa-cd98f3c89437",
            "idp": {
              "alert_only": null,
              "enabled": false,
              "idpprofile_id": null,
              "profile": "strict"
            },
            "local_routing": false,
            "name": "195_410-492-2331-2-VLAN492",
            "org_id": "b3e13549-d254-43d3-b62c-ce121b957327",
            "path_preference": null,
            "services": [
              "10_X_Y_0-25-TCP_22500"
            ],
            "tenants": [
              "Gr_IoT_WIRED.IOT_WIRED_VLAN492"
            ]
          },
          "sensitive_attributes": [],
          "dependencies": [
            "mist_org.terraform_test"
          ]
        }
      ]
    },
    {
      "mode": "managed",
      "type": "mist_org_servicepolicy",
      "name": "servicepolicy_67",
      "provider": "provider[\"registry.terraform.io/juniper/mist\"]",
      "instances": [
        {
          "schema_version": 0,
          "attributes": {
            "action": "allow",
            "appqoe": null,
            "ewf": null,
            "id": "5efc5471-93a1-4dd1-bf2e-ee5b18530052",
            "idp": {
              "alert_only": null,
              "enabled": false,
              "idpprofile_id": null,
              "profile": "strict"
            },
            "local_routing": false,
            "name": "232g_494-control-6-VLAN494",
            "org_id": "b3e13549-d254-43d3-b62c-ce121b957327",
            "path_preference": null,
            "services": [
              "192_168_91_1-UDP_123"
            ],
            "tenants": [
              "IOT_WIRELESS_VLAN494"
            ]
          },
          "sensitive_attributes": [],
          "dependencies": [
            "mist_org.terraform_test"
          ]
        }
      ]
    },
    {
      "mode": "managed",
      "type": "mist_org_servicepolicy",
      "name": "servicepolicy_68",
      "provider": "provider[\"registry.terraform.io/juniper/mist\"]",
      "instances": [
        {
          "schema_version": 0,
          "attributes": {
            "action": "allow",
            "appqoe": null,
            "ewf": null,
            "id": "01ee53a4-3602-4e68-a3bd-83d7170da741",
            "idp": {
              "alert_only": null,
              "enabled": false,
              "idpprofile_id": null,
              "profile": "strict"
            },
            "local_routing": false,
            "name": "045_410-cod-13-VLAN410",
            "org_id": "b3e13549-d254-43d3-b62c-ce121b957327",
            "path_preference": null,
            "services": [
              "10_X_Y_172-TCP_225"
            ],
            "tenants": [
              "CORE_14.CORE_VLAN410"
            ]
          },
          "sensitive_attributes": [],
          "dependencies": [
            "mist_org.terraform_test"
          ]
        }
      ]
    },
    {
      "mode": "managed",
      "type": "mist_org_servicepolicy",
      "name": "servicepolicy_69",
      "provider": "provider[\"registry.terraform.io/juniper/mist\"]",
      "instances": [
        {
          "schema_version": 0,
          "attributes": {
            "action": "allow",
            "appqoe": null,
            "ewf": null,
            "id": "aa613624-a82a-48d6-8d64-5a6c043c8acd",
            "idp": {
              "alert_only": null,
              "enabled": false,
              "idpprofile_id": null,
              "profile": "strict"
            },
            "local_routing": false,
            "name": "103_int-src-nat-pri4-0-VLAN450",
            "org_id": "b3e13549-d254-43d3-b62c-ce121b957327",
            "path_preference": null,
            "services": [
              "any"
            ],
            "tenants": [
              "PUBLIC_VLAN450"
            ]
          },
          "sensitive_attributes": [],
          "dependencies": [
            "mist_org.terraform_test"
          ]
        }
      ]
    },
    {
      "mode": "managed",
      "type": "mist_org_servicepolicy",
      "name": "servicepolicy_7",
      "provider": "provider[\"registry.terraform.io/juniper/mist\"]",
      "instances": [
        {
          "schema_version": 0,
          "attributes": {
            "action": "allow",
            "appqoe": null,
            "ewf": null,
            "id": "84aafc9a-cd2b-4c8e-b669-c124e5af9c1e",
            "idp": {
              "alert_only": null,
              "enabled": false,
              "idpprofile_id": null,
              "profile": "strict"
            },
            "local_routing": false,
            "name": "025_410-492-bi-com-6-VLAN410",
            "org_id": "b3e13549-d254-43d3-b62c-ce121b957327",
            "path_preference": null,
            "services": [
              "192_168_92_192-26-TCP_22501"
            ],
            "tenants": [
              "CORE_VLAN410"
            ]
          },
          "sensitive_attributes": [],
          "dependencies": [
            "mist_org.terraform_test"
          ]
        }
      ]
    },
    {
      "mode": "managed",
      "type": "mist_org_servicepolicy",
      "name": "servicepolicy_70",
      "provider": "provider[\"registry.terraform.io/juniper/mist\"]",
      "instances": [
        {
          "schema_version": 0,
          "attributes": {
            "action": "allow",
            "appqoe": null,
            "ewf": null,
            "id": "e61a5465-2c29-4202-9022-e1e046fbbec6",
            "idp": {
              "alert_only": null,
              "enabled": false,
              "idpprofile_id": null,
              "profile": "strict"
            },
            "local_routing": false,
            "name": "051_410-dmb-0-VLAN410",
            "org_id": "b3e13549-d254-43d3-b62c-ce121b957327",
            "path_preference": null,
            "services": [
              "10_X_Y_160-27-TCP_4983"
            ],
            "tenants": [
              "CORE_25.CORE_VLAN410"
            ]
          },
          "sensitive_attributes": [],
          "dependencies": [
            "mist_org.terraform_test"
          ]
        }
      ]
    },
    {
      "mode": "managed",
      "type": "mist_org_servicepolicy",
      "name": "servicepolicy_71",
      "provider": "provider[\"registry.terraform.io/juniper/mist\"]",
      "instances": [
        {
          "schema_version": 0,
          "attributes": {
            "action": "deny",
            "appqoe": null,
            "ewf": null,
            "id": "353bb305-2e20-4a90-8d26-070813867d68",
            "idp": {
              "alert_only": null,
              "enabled": false,
              "idpprofile_id": null,
              "profile": "strict"
            },
            "local_routing": false,
            "name": "225_papi-block-0-VLAN494",
            "org_id": "b3e13549-d254-43d3-b62c-ce121b957327",
            "path_preference": null,
            "services": [
              "ANY-UDP_8209"
            ],
            "tenants": [
              "IOT_WIRELESS_VLAN494"
            ]
          },
          "sensitive_attributes": [],
          "dependencies": [
            "mist_org.terraform_test"
          ]
        }
      ]
    },
    {
      "mode": "managed",
      "type": "mist_org_servicepolicy",
      "name": "servicepolicy_72",
      "provider": "provider[\"registry.terraform.io/juniper/mist\"]",
      "instances": [
        {
          "schema_version": 0,
          "attributes": {
            "action": "allow",
            "appqoe": null,
            "ewf": null,
            "id": "5227d65c-1574-4664-aa77-b8797bbf7d97",
            "idp": {
              "alert_only": null,
              "enabled": false,
              "idpprofile_id": null,
              "profile": "strict"
            },
            "local_routing": false,
            "name": "052_410-dmb-1-VLAN410",
            "org_id": "b3e13549-d254-43d3-b62c-ce121b957327",
            "path_preference": null,
            "services": [
              "10_X_Y_0-25-ANY"
            ],
            "tenants": [
              "RESTRICTED_VLAN420"
            ]
          },
          "sensitive_attributes": [],
          "dependencies": [
            "mist_org.terraform_test"
          ]
        }
      ]
    },
    {
      "mode": "managed",
      "type": "mist_org_servicepolicy",
      "name": "servicepolicy_73",
      "provider": "provider[\"registry.terraform.io/juniper/mist\"]",
      "instances": [
        {
          "schema_version": 0,
          "attributes": {
            "action": "allow",
            "appqoe": null,
            "ewf": null,
            "id": "a2bdb7e9-5858-40e7-87fd-7d78c7a6cbd6",
            "idp": {
              "alert_only": null,
              "enabled": false,
              "idpprofile_id": null,
              "profile": "strict"
            },
            "local_routing": false,
            "name": "056_410-dmb-5-VLAN410",
            "org_id": "b3e13549-d254-43d3-b62c-ce121b957327",
            "path_preference": null,
            "services": [
              "10_X_Y_160-27-TCP_22700"
            ],
            "tenants": [
              "CORE_VLAN410"
            ]
          },
          "sensitive_attributes": [],
          "dependencies": [
            "mist_org.terraform_test"
          ]
        }
      ]
    },
    {
      "mode": "managed",
      "type": "mist_org_servicepolicy",
      "name": "servicepolicy_74",
      "provider": "provider[\"registry.terraform.io/juniper/mist\"]",
      "instances": [
        {
          "schema_version": 0,
          "attributes": {
            "action": "allow",
            "appqoe": null,
            "ewf": null,
            "id": "73ed6fb1-2209-4afa-95a9-5673c387a41c",
            "idp": {
              "alert_only": null,
              "enabled": false,
              "idpprofile_id": null,
              "profile": "strict"
            },
            "local_routing": false,
            "name": "065_livestore-sec-cam-5-VLAN410",
            "org_id": "b3e13549-d254-43d3-b62c-ce121b957327",
            "path_preference": null,
            "services": [
              "192_168_90_130-UDP_20000"
            ],
            "tenants": [
              "CORE_51.CORE_VLAN410"
            ]
          },
          "sensitive_attributes": [],
          "dependencies": [
            "mist_org.terraform_test"
          ]
        }
      ]
    },
    {
      "mode": "managed",
      "type": "mist_org_servicepolicy",
      "name": "servicepolicy_75",
      "provider": "provider[\"registry.terraform.io/juniper/mist\"]",
      "instances": [
        {
          "schema_version": 0,
          "attributes": {
            "action": "deny",
            "appqoe": null,
            "ewf": null,
            "id": "c29a457a-98da-46b9-b10c-99de7824f861",
            "idp": {
              "alert_only": null,
              "enabled": false,
              "idpprofile_id": null,
              "profile": "strict"
            },
            "local_routing": false,
            "name": "105_papi-block-1-VLAN451",
            "org_id": "b3e13549-d254-43d3-b62c-ce121b957327",
            "path_preference": null,
            "services": [
              "ANY-UDP_8211"
            ],
            "tenants": [
              "CREW_VLAN451"
            ]
          },
          "sensitive_attributes": [],
          "dependencies": [
            "mist_org.terraform_test"
          ]
        }
      ]
    },
    {
      "mode": "managed",
      "type": "mist_org_servicepolicy",
      "name": "servicepolicy_76",
      "provider": "provider[\"registry.terraform.io/juniper/mist\"]",
      "instances": [
        {
          "schema_version": 0,
          "attributes": {
            "action": "allow",
            "appqoe": null,
            "ewf": null,
            "id": "3f61d524-9dbc-4832-8457-2bcfa3bb0618",
            "idp": {
              "alert_only": null,
              "enabled": false,
              "idpprofile_id": null,
              "profile": "strict"
            },
            "local_routing": false,
            "name": "053_410-dmb-2-VLAN410",
            "org_id": "b3e13549-d254-43d3-b62c-ce121b957327",
            "path_preference": null,
            "services": [
              "10_X_Y_160-27-TCP_80"
            ],
            "tenants": [
              "CORE_VLAN410"
            ]
          },
          "sensitive_attributes": [],
          "dependencies": [
            "mist_org.terraform_test"
          ]
        }
      ]
    },
    {
      "mode": "managed",
      "type": "mist_org_servicepolicy",
      "name": "servicepolicy_77",
      "provider": "provider[\"registry.terraform.io/juniper/mist\"]",
      "instances": [
        {
          "schema_version": 0,
          "attributes": {
            "action": "allow",
            "appqoe": null,
            "ewf": null,
            "id": "5443f957-fc22-493d-a8eb-317548ce6167",
            "idp": {
              "alert_only": null,
              "enabled": false,
              "idpprofile_id": null,
              "profile": "strict"
            },
            "local_routing": false,
            "name": "229_494-control-3-VLAN494",
            "org_id": "b3e13549-d254-43d3-b62c-ce121b957327",
            "path_preference": null,
            "services": [
              "ICMP_ANY"
            ],
            "tenants": [
              "IOT_WIRELESS_VLAN494"
            ]
          },
          "sensitive_attributes": [],
          "dependencies": [
            "mist_org.terraform_test"
          ]
        }
      ]
    },
    {
      "mode": "managed",
      "type": "mist_org_servicepolicy",
      "name": "servicepolicy_78",
      "provider": "provider[\"registry.terraform.io/juniper/mist\"]",
      "instances": [
        {
          "schema_version": 0,
          "attributes": {
            "action": "allow",
            "appqoe": null,
            "ewf": null,
            "id": "62d8c2ff-0494-490e-b0f3-c91b17630432",
            "idp": {
              "alert_only": null,
              "enabled": false,
              "idpprofile_id": null,
              "profile": "strict"
            },
            "local_routing": false,
            "name": "054_410-dmb-3-VLAN410",
            "org_id": "b3e13549-d254-43d3-b62c-ce121b957327",
            "path_preference": null,
            "services": [
              "10_X_Y_160-27-TCP_22500"
            ],
            "tenants": [
              "CORE_VLAN410"
            ]
          },
          "sensitive_attributes": [],
          "dependencies": [
            "mist_org.terraform_test"
          ]
        }
      ]
    },
    {
      "mode": "managed",
      "type": "mist_org_servicepolicy",
      "name": "servicepolicy_79",
      "provider": "provider[\"registry.terraform.io/juniper/mist\"]",
      "instances": [
        {
          "schema_version": 0,
          "attributes": {
            "action": "allow",
            "appqoe": null,
            "ewf": null,
            "id": "680e6029-96ea-43e5-b8a5-1ff24c6ea5f3",
            "idp": {
              "alert_only": null,
              "enabled": false,
              "idpprofile_id": null,
              "profile": "strict"
            },
            "local_routing": false,
            "name": "109a_control-limited-4-VLAN451",
            "org_id": "b3e13549-d254-43d3-b62c-ce121b957327",
            "path_preference": null,
            "services": [
              "10_X_Y_62-UDP_123"
            ],
            "tenants": [
              "CREW_VLAN451"
            ]
          },
          "sensitive_attributes": [],
          "dependencies": [
            "mist_org.terraform_test"
          ]
        }
      ]
    },
    {
      "mode": "managed",
      "type": "mist_org_servicepolicy",
      "name": "servicepolicy_8",
      "provider": "provider[\"registry.terraform.io/juniper/mist\"]",
      "instances": [
        {
          "schema_version": 0,
          "attributes": {
            "action": "allow",
            "appqoe": null,
            "ewf": null,
            "id": "1b5b648a-ef44-4d2c-99c0-64bec4457404",
            "idp": {
              "alert_only": null,
              "enabled": false,
              "idpprofile_id": null,
              "profile": "strict"
            },
            "local_routing": false,
            "name": "023_410-492-bi-com-4-VLAN410",
            "org_id": "b3e13549-d254-43d3-b62c-ce121b957327",
            "path_preference": null,
            "services": [
              "192_168_92_50-ICMP"
            ],
            "tenants": [
              "CORE_51.CORE_VLAN410"
            ]
          },
          "sensitive_attributes": [],
          "dependencies": [
            "mist_org.terraform_test"
          ]
        }
      ]
    },
    {
      "mode": "managed",
      "type": "mist_org_servicepolicy",
      "name": "servicepolicy_80",
      "provider": "provider[\"registry.terraform.io/juniper/mist\"]",
      "instances": [
        {
          "schema_version": 0,
          "attributes": {
            "action": "allow",
            "appqoe": null,
            "ewf": null,
            "id": "be3866c4-e552-4116-884b-6a824d1356f3",
            "idp": {
              "alert_only": null,
              "enabled": false,
              "idpprofile_id": null,
              "profile": "strict"
            },
            "local_routing": false,
            "name": "057_410-dmb-6-VLAN410",
            "org_id": "b3e13549-d254-43d3-b62c-ce121b957327",
            "path_preference": null,
            "services": [
              "10_X_Y_160-27-TCP_3333"
            ],
            "tenants": [
              "CORE_VLAN410"
            ]
          },
          "sensitive_attributes": [],
          "dependencies": [
            "mist_org.terraform_test"
          ]
        }
      ]
    },
    {
      "mode": "managed",
      "type": "mist_org_servicepolicy",
      "name": "servicepolicy_81",
      "provider": "provider[\"registry.terraform.io/juniper/mist\"]",
      "instances": [
        {
          "schema_version": 0,
          "attributes": {
            "action": "allow",
            "appqoe": null,
            "ewf": null,
            "id": "9f54ee3e-5d19-48be-ad1f-c80071d3ea74",
            "idp": {
              "alert_only": null,
              "enabled": false,
              "idpprofile_id": null,
              "profile": "strict"
            },
            "local_routing": false,
            "name": "231_494-control-5-VLAN494",
            "org_id": "b3e13549-d254-43d3-b62c-ce121b957327",
            "path_preference": null,
            "services": [
              "10_X_Y_51-UDP_123"
            ],
            "tenants": [
              "IOT_WIRELESS_VLAN494"
            ]
          },
          "sensitive_attributes": [],
          "dependencies": [
            "mist_org.terraform_test"
          ]
        }
      ]
    },
    {
      "mode": "managed",
      "type": "mist_org_servicepolicy",
      "name": "servicepolicy_82",
      "provider": "provider[\"registry.terraform.io/juniper/mist\"]",
      "instances": [
        {
          "schema_version": 0,
          "attributes": {
            "action": "allow",
            "appqoe": null,
            "ewf": null,
            "id": "6fb083a0-00e2-4cac-9c9e-d7ac1e74c829",
            "idp": {
              "alert_only": null,
              "enabled": false,
              "idpprofile_id": null,
              "profile": "strict"
            },
            "local_routing": false,
            "name": "058_410-dmb-7-VLAN410",
            "org_id": "b3e13549-d254-43d3-b62c-ce121b957327",
            "path_preference": null,
            "services": [
              "10_X_Y_160-27-TCP_3333"
            ],
            "tenants": [
              "CORE_VLAN410"
            ]
          },
          "sensitive_attributes": [],
          "dependencies": [
            "mist_org.terraform_test"
          ]
        }
      ]
    },
    {
      "mode": "managed",
      "type": "mist_org_servicepolicy",
      "name": "servicepolicy_83",
      "provider": "provider[\"registry.terraform.io/juniper/mist\"]",
      "instances": [
        {
          "schema_version": 0,
          "attributes": {
            "action": "allow",
            "appqoe": null,
            "ewf": null,
            "id": "ba8ebb04-182a-421b-b904-b06d126d4058",
            "idp": {
              "alert_only": null,
              "enabled": false,
              "idpprofile_id": null,
              "profile": "strict"
            },
            "local_routing": false,
            "name": "232a_494-control-6-VLAN494",
            "org_id": "b3e13549-d254-43d3-b62c-ce121b957327",
            "path_preference": null,
            "services": [
              "10_X_Y_62-UDP_123"
            ],
            "tenants": [
              "IOT_WIRELESS_VLAN494"
            ]
          },
          "sensitive_attributes": [],
          "dependencies": [
            "mist_org.terraform_test"
          ]
        }
      ]
    },
    {
      "mode": "managed",
      "type": "mist_org_servicepolicy",
      "name": "servicepolicy_84",
      "provider": "provider[\"registry.terraform.io/juniper/mist\"]",
      "instances": [
        {
          "schema_version": 0,
          "attributes": {
            "action": "allow",
            "appqoe": null,
            "ewf": null,
            "id": "919708d1-a43b-4e2e-9769-b6e16e67eea1",
            "idp": {
              "alert_only": null,
              "enabled": false,
              "idpprofile_id": null,
              "profile": "strict"
            },
            "local_routing": false,
            "name": "059_410-dmb-8-VLAN410",
            "org_id": "b3e13549-d254-43d3-b62c-ce121b957327",
            "path_preference": null,
            "services": [
              "10_X_Y_160-27-TCP_8888"
            ],
            "tenants": [
              "CORE_VLAN410"
            ]
          },
          "sensitive_attributes": [],
          "dependencies": [
            "mist_org.terraform_test"
          ]
        }
      ]
    },
    {
      "mode": "managed",
      "type": "mist_org_servicepolicy",
      "name": "servicepolicy_85",
      "provider": "provider[\"registry.terraform.io/juniper/mist\"]",
      "instances": [
        {
          "schema_version": 0,
          "attributes": {
            "action": "allow",
            "appqoe": null,
            "ewf": null,
            "id": "b4252edb-d3dd-4753-9408-dd679a7f66a6",
            "idp": {
              "alert_only": null,
              "enabled": false,
              "idpprofile_id": null,
              "profile": "strict"
            },
            "local_routing": false,
            "name": "153_livestore-sec-cam-2-VLAN490",
            "org_id": "b3e13549-d254-43d3-b62c-ce121b957327",
            "path_preference": null,
            "services": [
              "192_168_90_130-TCP_2000"
            ],
            "tenants": [
              "CORE_51.CORE_VLAN410"
            ]
          },
          "sensitive_attributes": [],
          "dependencies": [
            "mist_org.terraform_test"
          ]
        }
      ]
    },
    {
      "mode": "managed",
      "type": "mist_org_servicepolicy",
      "name": "servicepolicy_86",
      "provider": "provider[\"registry.terraform.io/juniper/mist\"]",
      "instances": [
        {
          "schema_version": 0,
          "attributes": {
            "action": "allow",
            "appqoe": null,
            "ewf": null,
            "id": "b61d901c-065f-42a0-8dfa-4bddf74979de",
            "idp": {
              "alert_only": null,
              "enabled": false,
              "idpprofile_id": null,
              "profile": "strict"
            },
            "local_routing": false,
            "name": "158_int-src-nat-pri4-0-VLAN490",
            "org_id": "b3e13549-d254-43d3-b62c-ce121b957327",
            "path_preference": null,
            "services": [
              "any"
            ],
            "tenants": [
              "UNTRUSTED_VLAN490"
            ]
          },
          "sensitive_attributes": [],
          "dependencies": [
            "mist_org.terraform_test"
          ]
        }
      ]
    },
    {
      "mode": "managed",
      "type": "mist_org_servicepolicy",
      "name": "servicepolicy_87",
      "provider": "provider[\"registry.terraform.io/juniper/mist\"]",
      "instances": [
        {
          "schema_version": 0,
          "attributes": {
            "action": "allow",
            "appqoe": null,
            "ewf": null,
            "id": "b1deddd5-b6ab-4630-85f9-16085c1dbecf",
            "idp": {
              "alert_only": null,
              "enabled": false,
              "idpprofile_id": null,
              "profile": "strict"
            },
            "local_routing": false,
            "name": "232b_494-control-6-VLAN494",
            "org_id": "b3e13549-d254-43d3-b62c-ce121b957327",
            "path_preference": null,
            "services": [
              "10_X_Y_129-UDP_123"
            ],
            "tenants": [
              "IOT_WIRELESS_VLAN494"
            ]
          },
          "sensitive_attributes": [],
          "dependencies": [
            "mist_org.terraform_test"
          ]
        }
      ]
    },
    {
      "mode": "managed",
      "type": "mist_org_servicepolicy",
      "name": "servicepolicy_88",
      "provider": "provider[\"registry.terraform.io/juniper/mist\"]",
      "instances": [
        {
          "schema_version": 0,
          "attributes": {
            "action": "allow",
            "appqoe": null,
            "ewf": null,
            "id": "746fa18f-ade0-4722-981f-1f13dc432c90",
            "idp": {
              "alert_only": null,
              "enabled": false,
              "idpprofile_id": null,
              "profile": "strict"
            },
            "local_routing": false,
            "name": "060_livestore-sec-cam-0-VLAN410",
            "org_id": "b3e13549-d254-43d3-b62c-ce121b957327",
            "path_preference": null,
            "services": [
              "192_168_90_130-TCP_80"
            ],
            "tenants": [
              "CORE_51.CORE_VLAN410"
            ]
          },
          "sensitive_attributes": [],
          "dependencies": [
            "mist_org.terraform_test"
          ]
        }
      ]
    },
    {
      "mode": "managed",
      "type": "mist_org_servicepolicy",
      "name": "servicepolicy_89",
      "provider": "provider[\"registry.terraform.io/juniper/mist\"]",
      "instances": [
        {
          "schema_version": 0,
          "attributes": {
            "action": "allow",
            "appqoe": null,
            "ewf": null,
            "id": "def6444b-c7c2-402e-8488-e5390b29bc8a",
            "idp": {
              "alert_only": null,
              "enabled": false,
              "idpprofile_id": null,
              "profile": "strict"
            },
            "local_routing": false,
            "name": "109c_control-limited-4-VLAN451",
            "org_id": "b3e13549-d254-43d3-b62c-ce121b957327",
            "path_preference": null,
            "services": [
              "10_X_Y_161-UDP_123"
            ],
            "tenants": [
              "CREW_VLAN451"
            ]
          },
          "sensitive_attributes": [],
          "dependencies": [
            "mist_org.terraform_test"
          ]
        }
      ]
    },
    {
      "mode": "managed",
      "type": "mist_org_servicepolicy",
      "name": "servicepolicy_9",
      "provider": "provider[\"registry.terraform.io/juniper/mist\"]",
      "instances": [
        {
          "schema_version": 0,
          "attributes": {
            "action": "allow",
            "appqoe": null,
            "ewf": null,
            "id": "23c9c520-64a8-41b2-b2b0-b987540fa6d8",
            "idp": {
              "alert_only": null,
              "enabled": false,
              "idpprofile_id": null,
              "profile": "strict"
            },
            "local_routing": false,
            "name": "091_410-cod-8-VLAN430",
            "org_id": "b3e13549-d254-43d3-b62c-ce121b957327",
            "path_preference": null,
            "services": [
              "10_X_Y_171-TCP_225"
            ],
            "tenants": [
              "CORE_12.CORE_VLAN410"
            ]
          },
          "sensitive_attributes": [],
          "dependencies": [
            "mist_org.terraform_test"
          ]
        }
      ]
    },
    {
      "mode": "managed",
      "type": "mist_org_servicepolicy",
      "name": "servicepolicy_90",
      "provider": "provider[\"registry.terraform.io/juniper/mist\"]",
      "instances": [
        {
          "schema_version": 0,
          "attributes": {
            "action": "allow",
            "appqoe": null,
            "ewf": null,
            "id": "f531a5bf-68d3-470a-9648-fd13c1d79050",
            "idp": {
              "alert_only": null,
              "enabled": false,
              "idpprofile_id": null,
              "profile": "strict"
            },
            "local_routing": false,
            "name": "061_livestore-sec-cam-1-VLAN410",
            "org_id": "b3e13549-d254-43d3-b62c-ce121b957327",
            "path_preference": null,
            "services": [
              "192_168_90_130-TCP_443"
            ],
            "tenants": [
              "CORE_51.CORE_VLAN410"
            ]
          },
          "sensitive_attributes": [],
          "dependencies": [
            "mist_org.terraform_test"
          ]
        }
      ]
    },
    {
      "mode": "managed",
      "type": "mist_org_servicepolicy",
      "name": "servicepolicy_91",
      "provider": "provider[\"registry.terraform.io/juniper/mist\"]",
      "instances": [
        {
          "schema_version": 0,
          "attributes": {
            "action": "allow",
            "appqoe": null,
            "ewf": null,
            "id": "003987d7-9c2a-4d85-8f44-35e1349c9f91",
            "idp": {
              "alert_only": null,
              "enabled": false,
              "idpprofile_id": null,
              "profile": "strict"
            },
            "local_routing": false,
            "name": "109e_control-limited-4-VLAN451",
            "org_id": "b3e13549-d254-43d3-b62c-ce121b957327",
            "path_preference": null,
            "services": [
              "192_168_91_1-UDP_123"
            ],
            "tenants": [
              "CREW_VLAN451"
            ]
          },
          "sensitive_attributes": [],
          "dependencies": [
            "mist_org.terraform_test"
          ]
        }
      ]
    },
    {
      "mode": "managed",
      "type": "mist_org_servicepolicy",
      "name": "servicepolicy_92",
      "provider": "provider[\"registry.terraform.io/juniper/mist\"]",
      "instances": [
        {
          "schema_version": 0,
          "attributes": {
            "action": "allow",
            "appqoe": null,
            "ewf": null,
            "id": "6ae05d9a-b887-4378-8644-5f11d4a2c909",
            "idp": {
              "alert_only": null,
              "enabled": false,
              "idpprofile_id": null,
              "profile": "strict"
            },
            "local_routing": false,
            "name": "062_livestore-sec-cam-2-VLAN410",
            "org_id": "b3e13549-d254-43d3-b62c-ce121b957327",
            "path_preference": null,
            "services": [
              "192_168_90_130-TCP_2000"
            ],
            "tenants": [
              "CORE_51.CORE_VLAN410"
            ]
          },
          "sensitive_attributes": [],
          "dependencies": [
            "mist_org.terraform_test"
          ]
        }
      ]
    },
    {
      "mode": "managed",
      "type": "mist_org_servicepolicy",
      "name": "servicepolicy_93",
      "provider": "provider[\"registry.terraform.io/juniper/mist\"]",
      "instances": [
        {
          "schema_version": 0,
          "attributes": {
            "action": "allow",
            "appqoe": null,
            "ewf": null,
            "id": "00f22ca3-ccf2-4f1b-895e-3d938af268e7",
            "idp": {
              "alert_only": null,
              "enabled": false,
              "idpprofile_id": null,
              "profile": "strict"
            },
            "local_routing": false,
            "name": "109f_control-limited-4-VLAN451",
            "org_id": "b3e13549-d254-43d3-b62c-ce121b957327",
            "path_preference": null,
            "services": [
              "192_168_92_1-UDP_123"
            ],
            "tenants": [
              "CREW_VLAN451"
            ]
          },
          "sensitive_attributes": [],
          "dependencies": [
            "mist_org.terraform_test"
          ]
        }
      ]
    },
    {
      "mode": "managed",
      "type": "mist_org_servicepolicy",
      "name": "servicepolicy_94",
      "provider": "provider[\"registry.terraform.io/juniper/mist\"]",
      "instances": [
        {
          "schema_version": 0,
          "attributes": {
            "action": "allow",
            "appqoe": null,
            "ewf": null,
            "id": "13dfa62c-2aad-42da-8b51-463f77e05565",
            "idp": {
              "alert_only": null,
              "enabled": false,
              "idpprofile_id": null,
              "profile": "strict"
            },
            "local_routing": false,
            "name": "027_410-492-bi-com-8-VLAN410",
            "org_id": "b3e13549-d254-43d3-b62c-ce121b957327",
            "path_preference": null,
            "services": [
              "10_X_Y_0-25-TCP_22501"
            ],
            "tenants": [
              "Gr_IoT_WIRED.IOT_WIRED_VLAN492"
            ]
          },
          "sensitive_attributes": [],
          "dependencies": [
            "mist_org.terraform_test"
          ]
        }
      ]
    },
    {
      "mode": "managed",
      "type": "mist_org_servicepolicy",
      "name": "servicepolicy_95",
      "provider": "provider[\"registry.terraform.io/juniper/mist\"]",
      "instances": [
        {
          "schema_version": 0,
          "attributes": {
            "action": "allow",
            "appqoe": null,
            "ewf": null,
            "id": "f3359b15-3cd2-4122-9c6c-b56de2007840",
            "idp": {
              "alert_only": null,
              "enabled": false,
              "idpprofile_id": null,
              "profile": "strict"
            },
            "local_routing": false,
            "name": "109g_control-limited-4-VLAN451",
            "org_id": "b3e13549-d254-43d3-b62c-ce121b957327",
            "path_preference": null,
            "services": [
              "192_168_94_1-UDP_123"
            ],
            "tenants": [
              "CREW_VLAN451"
            ]
          },
          "sensitive_attributes": [],
          "dependencies": [
            "mist_org.terraform_test"
          ]
        }
      ]
    },
    {
      "mode": "managed",
      "type": "mist_org_servicepolicy",
      "name": "servicepolicy_96",
      "provider": "provider[\"registry.terraform.io/juniper/mist\"]",
      "instances": [
        {
          "schema_version": 0,
          "attributes": {
            "action": "allow",
            "appqoe": null,
            "ewf": null,
            "id": "e0ed2343-3112-4662-94c7-32c075dfce65",
            "idp": {
              "alert_only": null,
              "enabled": false,
              "idpprofile_id": null,
              "profile": "strict"
            },
            "local_routing": false,
            "name": "154_livestore-sec-cam-3-VLAN490",
            "org_id": "b3e13549-d254-43d3-b62c-ce121b957327",
            "path_preference": null,
            "services": [
              "192_168_90_130-TCP_2002"
            ],
            "tenants": [
              "CORE_51.CORE_VLAN410"
            ]
          },
          "sensitive_attributes": [],
          "dependencies": [
            "mist_org.terraform_test"
          ]
        }
      ]
    },
    {
      "mode": "managed",
      "type": "mist_org_servicepolicy",
      "name": "servicepolicy_97",
      "provider": "provider[\"registry.terraform.io/juniper/mist\"]",
      "instances": [
        {
          "schema_version": 0,
          "attributes": {
            "action": "allow",
            "appqoe": null,
            "ewf": null,
            "id": "07c2ed15-c24e-4b51-a477-6b3048aeb9ac",
            "idp": {
              "alert_only": null,
              "enabled": false,
              "idpprofile_id": null,
              "profile": "strict"
            },
            "local_routing": false,
            "name": "232h_494-control-6-VLAN494",
            "org_id": "b3e13549-d254-43d3-b62c-ce121b957327",
            "path_preference": null,
            "services": [
              "192_168_92_1-UDP_123"
            ],
            "tenants": [
              "IOT_WIRELESS_VLAN494"
            ]
          },
          "sensitive_attributes": [],
          "dependencies": [
            "mist_org.terraform_test"
          ]
        }
      ]
    },
    {
      "mode": "managed",
      "type": "mist_org_servicepolicy",
      "name": "servicepolicy_98",
      "provider": "provider[\"registry.terraform.io/juniper/mist\"]",
      "instances": [
        {
          "schema_version": 0,
          "attributes": {
            "action": "allow",
            "appqoe": null,
            "ewf": null,
            "id": "57d838f6-c89f-47a5-92de-df78116548a4",
            "idp": {
              "alert_only": null,
              "enabled": false,
              "idpprofile_id": null,
              "profile": "strict"
            },
            "local_routing": false,
            "name": "155_livestore-sec-cam-4-VLAN490",
            "org_id": "b3e13549-d254-43d3-b62c-ce121b957327",
            "path_preference": null,
            "services": [
              "192_168_90_130-TCP_20000"
            ],
            "tenants": [
              "CORE_51.CORE_VLAN410"
            ]
          },
          "sensitive_attributes": [],
          "dependencies": [
            "mist_org.terraform_test"
          ]
        }
      ]
    },
    {
      "mode": "managed",
      "type": "mist_org_servicepolicy",
      "name": "servicepolicy_99",
      "provider": "provider[\"registry.terraform.io/juniper/mist\"]",
      "instances": [
        {
          "schema_version": 0,
          "attributes": {
            "action": "allow",
            "appqoe": null,
            "ewf": null,
            "id": "1b0d8d8b-6739-43af-98af-4e204527788f",
            "idp": {
              "alert_only": null,
              "enabled": false,
              "idpprofile_id": null,
              "profile": "strict"
            },
            "local_routing": false,
            "name": "233a_494-control-7-VLAN494",
            "org_id": "b3e13549-d254-43d3-b62c-ce121b957327",
            "path_preference": null,
            "services": [
              "10_X_Y_62-UDP_53"
            ],
            "tenants": [
              "IOT_WIRELESS_VLAN494"
            ]
          },
          "sensitive_attributes": [],
          "dependencies": [
            "mist_org.terraform_test"
          ]
        }
      ]
    },
    {
      "mode": "managed",
      "type": "mist_org_setting",
      "name": "terraform_test",
      "provider": "provider[\"registry.terraform.io/juniper/mist\"]",
      "instances": [
        {
          "schema_version": 0,
          "attributes": {
            "ap_updown_threshold": 10,
            "api_policy": null,
            "cacerts": null,
            "celona": null,
            "cloudshark": null,
            "cradlepoint": null,
            "device_cert": null,
            "device_updown_threshold": 10,
            "disable_pcap": false,
            "disable_remote_shell": true,
            "gateway_updown_threshold": 10,
            "installer": null,
            "jcloud": null,
            "jcloud_ra": null,
            "juniper": null,
            "mgmt": null,
            "mist_nac": null,
            "mxedge_fips_enabled": false,
            "mxedge_mgmt": {
              "fips_enabled": false,
              "mist_password": "mist_secret_passowrd",
              "oob_ip_type": "dhcp",
              "oob_ip_type6": "disabled",
              "root_password": "root_secret_password"
            },
            "optic_port_config": null,
            "org_id": "b3e13549-d254-43d3-b62c-ce121b957327",
            "password_policy": {
              "enabled": false,
              "expiry_in_days": null,
              "min_length": 12,
              "requires_special_char": true,
              "requires_two_factor_auth": false
            },
            "pcap": null,
            "security": {
              "disable_local_ssh": false,
              "fips_zeroize_password": null,
              "limit_ssh_access": false
            },
            "switch_mgmt": null,
            "switch_updown_threshold": 10,
            "synthetic_test": {
              "disabled": false,
              "vlans": [
                {
                  "custom_test_urls": [
                    "http://www.abc.com/",
                    "https://10.3.5.1:8080/about"
                  ],
                  "disabled": false,
                  "vlan_ids": [
                    "10",
                    "30"
                  ]
                },
                {
                  "custom_test_urls": [],
                  "disabled": true,
                  "vlan_ids": [
                    "20"
                  ]
                }
              ],
              "wan_speedtest": null
            },
            "ui_idle_timeout": 0,
            "vpn_options": null,
            "wan_pma": null,
            "wired_pma": null,
            "wireless_pma": null
          },
          "sensitive_attributes": [
            [
              {
                "type": "get_attr",
                "value": "mxedge_mgmt"
              },
              {
                "type": "get_attr",
                "value": "root_password"
              }
            ],
            [
              {
                "type": "get_attr",
                "value": "mxedge_mgmt"
              },
              {
                "type": "get_attr",
                "value": "mist_password"
              }
            ],
            [
              {
                "type": "get_attr",
                "value": "security"
              },
              {
                "type": "get_attr",
                "value": "fips_zeroize_password"
              }
            ]
          ],
          "dependencies": [
            "mist_org.terraform_test"
          ]
        }
      ]
    },
    {
      "mode": "managed",
      "type": "mist_site",
      "name": "terraform_site",
      "provider": "provider[\"registry.terraform.io/juniper/mist\"]",
      "instances": [
        {
          "schema_version": 0,
          "attributes": {
            "address": "41 rue de villiers, 92100 Neuilly sur seine, France",
            "alarmtemplate_id": null,
            "aptemplate_id": null,
            "country_code": null,
            "gatewaytemplate_id": null,
            "id": "a6178917-480e-44e6-9fe6-b7390e990ae9",
            "latlng": null,
            "name": "terraform - md",
            "networktemplate_id": null,
            "notes": null,
            "org_id": "b3e13549-d254-43d3-b62c-ce121b957327",
            "rftemplate_id": null,
            "secpolicy_id": null,
            "sitegroup_ids": null,
            "sitetemplate_id": null,
            "timezone": "UTC"
          },
          "sensitive_attributes": [],
          "dependencies": [
            "mist_org.terraform_test"
          ]
        }
      ]
    },
    {
      "mode": "managed",
      "type": "mist_site_networktemplate",
      "name": "terraform_site",
      "provider": "provider[\"registry.terraform.io/juniper/mist\"]",
      "instances": [
        {
          "schema_version": 0,
          "attributes": {
            "acl_policies": null,
            "acl_tags": null,
            "additional_config_cmds": [
              "set chassis alarm management-ethernet link-down ignore",
              "#Decouple ARP table and Authentication sessions",
              "set protocols dot1x authenticator no-mac-table-binding",
              "set protocols dot1x authenticator interface dot1x-mab_only reauthentication 43200"
            ],
            "dhcp_snooping": {
              "all_networks": false,
              "enable_arp_spoof_check": false,
              "enable_ip_source_guard": false,
              "enabled": true,
              "networks": [
                "PUBLIC"
              ]
            },
            "disabled_system_defined_port_usages": null,
            "dns_servers": [
              "{{public_dns1}}",
              "{{public_dns2}}"
            ],
            "dns_suffix": null,
            "extra_routes": null,
            "extra_routes6": null,
            "juniper_srx": null,
            "mist_nac": {
              "enabled": true,
              "network": null
            },
            "networks": {
              "AUTOMATION": {
                "gateway": null,
                "gateway6": null,
                "isolation": false,
                "isolation_vlan_id": null,
                "subnet": null,
                "subnet6": null,
                "vlan_id": "460"
              },
              "CORE": {
                "gateway": null,
                "gateway6": null,
                "isolation": false,
                "isolation_vlan_id": null,
                "subnet": null,
                "subnet6": null,
                "vlan_id": "410"
              },
              "CREW": {
                "gateway": null,
                "gateway6": null,
                "isolation": false,
                "isolation_vlan_id": null,
                "subnet": null,
                "subnet6": null,
                "vlan_id": "451"
              },
              "Cradlepoint": {
                "gateway": null,
                "gateway6": null,
                "isolation": false,
                "isolation_vlan_id": null,
                "subnet": null,
                "subnet6": null,
                "vlan_id": "4000"
              },
              "DESSERT_CART": {
                "gateway": null,
                "gateway6": null,
                "isolation": false,
                "isolation_vlan_id": null,
                "subnet": null,
                "subnet6": null,
                "vlan_id": "900"
              },
              "HA": {
                "gateway": null,
                "gateway6": null,
                "isolation": false,
                "isolation_vlan_id": null,
                "subnet": null,
                "subnet6": null,
                "vlan_id": "10"
              },
              "IOT_WIRED": {
                "gateway": null,
                "gateway6": null,
                "isolation": false,
                "isolation_vlan_id": null,
                "subnet": null,
                "subnet6": null,
                "vlan_id": "492"
              },
              "IOT_WIRELESS": {
                "gateway": null,
                "gateway6": null,
                "isolation": false,
                "isolation_vlan_id": null,
                "subnet": null,
                "subnet6": null,
                "vlan_id": "494"
              },
              "MANAGEMENT": {
                "gateway": null,
                "gateway6": null,
                "isolation": false,
                "isolation_vlan_id": null,
                "subnet": null,
                "subnet6": null,
                "vlan_id": "430"
              },
              "PCI": {
                "gateway": null,
                "gateway6": null,
                "isolation": false,
                "isolation_vlan_id": null,
                "subnet": null,
                "subnet6": null,
                "vlan_id": "440"
              },
              "PRIVATE": {
                "gateway": null,
                "gateway6": null,
                "isolation": false,
                "isolation_vlan_id": null,
                "subnet": null,
                "subnet6": null,
                "vlan_id": "491"
              },
              "PUBLIC": {
                "gateway": null,
                "gateway6": null,
                "isolation": false,
                "isolation_vlan_id": null,
                "subnet": null,
                "subnet6": null,
                "vlan_id": "450"
              },
              "QUARANTINE": {
                "gateway": null,
                "gateway6": null,
                "isolation": false,
                "isolation_vlan_id": null,
                "subnet": null,
                "subnet6": null,
                "vlan_id": "495"
              },
              "RESTRICTED": {
                "gateway": null,
                "gateway6": null,
                "isolation": false,
                "isolation_vlan_id": null,
                "subnet": null,
                "subnet6": null,
                "vlan_id": "420"
              },
              "UNTRUSTED": {
                "gateway": null,
                "gateway6": null,
                "isolation": false,
                "isolation_vlan_id": null,
                "subnet": null,
                "subnet6": null,
                "vlan_id": "490"
              }
            },
            "ntp_servers": [
              "129.6.15.28",
              "129.6.15.29",
              "129.6.15.30"
            ],
            "ospf_areas": null,
            "port_mirroring": null,
            "port_usages": {
              "automation": {
                "all_networks": false,
                "allow_dhcpd": null,
                "allow_multiple_supplicants": false,
                "bypass_auth_when_server_down": false,
                "bypass_auth_when_server_down_for_unkonwn_client": false,
                "description": null,
                "disable_autoneg": false,
                "disabled": false,
                "duplex": "auto",
                "dynamic_vlan_networks": [],
                "enable_mac_auth": false,
                "enable_qos": false,
                "guest_network": null,
                "inter_switch_link": false,
                "mac_auth_only": null,
                "mac_auth_preferred": null,
                "mac_auth_protocol": "eap-md5",
                "mac_limit": 0,
                "mode": "access",
                "mtu": null,
                "networks": [],
                "persist_mac": false,
                "poe_disabled": false,
                "port_auth": null,
                "port_network": "AUTOMATION",
                "reauth_interval": 3600,
                "reset_default_when": "link_down",
                "rules": null,
                "server_fail_network": null,
                "server_reject_network": null,
                "speed": "auto",
                "storm_control": {
                  "no_broadcast": false,
                  "no_multicast": false,
                  "no_registered_multicast": false,
                  "no_unknown_unicast": false,
                  "percentage": 5
                },
                "stp_edge": true,
                "stp_no_root_port": false,
                "stp_p2p": false,
                "ui_evpntopo_id": null,
                "use_vstp": false,
                "voip_network": null
              },
              "blackhole": {
                "all_networks": false,
                "allow_dhcpd": null,
                "allow_multiple_supplicants": false,
                "bypass_auth_when_server_down": false,
                "bypass_auth_when_server_down_for_unkonwn_client": false,
                "description": null,
                "disable_autoneg": false,
                "disabled": false,
                "duplex": "auto",
                "dynamic_vlan_networks": [],
                "enable_mac_auth": false,
                "enable_qos": false,
                "guest_network": null,
                "inter_switch_link": false,
                "mac_auth_only": null,
                "mac_auth_preferred": null,
                "mac_auth_protocol": "eap-md5",
                "mac_limit": 0,
                "mode": "access",
                "mtu": null,
                "networks": [],
                "persist_mac": false,
                "poe_disabled": false,
                "port_auth": null,
                "port_network": "QUARANTINE",
                "reauth_interval": 3600,
                "reset_default_when": "link_down",
                "rules": null,
                "server_fail_network": null,
                "server_reject_network": null,
                "speed": "auto",
                "storm_control": {
                  "no_broadcast": false,
                  "no_multicast": false,
                  "no_registered_multicast": false,
                  "no_unknown_unicast": false,
                  "percentage": 5
                },
                "stp_edge": true,
                "stp_no_root_port": false,
                "stp_p2p": false,
                "ui_evpntopo_id": null,
                "use_vstp": false,
                "voip_network": null
              },
              "core": {
                "all_networks": false,
                "allow_dhcpd": null,
                "allow_multiple_supplicants": false,
                "bypass_auth_when_server_down": false,
                "bypass_auth_when_server_down_for_unkonwn_client": false,
                "description": null,
                "disable_autoneg": false,
                "disabled": false,
                "duplex": "auto",
                "dynamic_vlan_networks": [],
                "enable_mac_auth": false,
                "enable_qos": false,
                "guest_network": null,
                "inter_switch_link": false,
                "mac_auth_only": null,
                "mac_auth_preferred": null,
                "mac_auth_protocol": "eap-md5",
                "mac_limit": 0,
                "mode": "access",
                "mtu": null,
                "networks": [],
                "persist_mac": false,
                "poe_disabled": false,
                "port_auth": null,
                "port_network": "CORE",
                "reauth_interval": 3600,
                "reset_default_when": "link_down",
                "rules": null,
                "server_fail_network": null,
                "server_reject_network": null,
                "speed": "auto",
                "storm_control": {
                  "no_broadcast": false,
                  "no_multicast": false,
                  "no_registered_multicast": false,
                  "no_unknown_unicast": false,
                  "percentage": 5
                },
                "stp_edge": true,
                "stp_no_root_port": false,
                "stp_p2p": false,
                "ui_evpntopo_id": null,
                "use_vstp": false,
                "voip_network": null
              },
              "corporate": {
                "all_networks": false,
                "allow_dhcpd": null,
                "allow_multiple_supplicants": false,
                "bypass_auth_when_server_down": false,
                "bypass_auth_when_server_down_for_unkonwn_client": false,
                "description": null,
                "disable_autoneg": false,
                "disabled": false,
                "duplex": "auto",
                "dynamic_vlan_networks": [],
                "enable_mac_auth": false,
                "enable_qos": false,
                "guest_network": null,
                "inter_switch_link": false,
                "mac_auth_only": null,
                "mac_auth_preferred": null,
                "mac_auth_protocol": "eap-md5",
                "mac_limit": 0,
                "mode": "access",
                "mtu": null,
                "networks": [],
                "persist_mac": false,
                "poe_disabled": false,
                "port_auth": null,
                "port_network": "RESTRICTED",
                "reauth_interval": 3600,
                "reset_default_when": "link_down",
                "rules": null,
                "server_fail_network": null,
                "server_reject_network": null,
                "speed": "auto",
                "storm_control": {
                  "no_broadcast": false,
                  "no_multicast": false,
                  "no_registered_multicast": false,
                  "no_unknown_unicast": false,
                  "percentage": 5
                },
                "stp_edge": true,
                "stp_no_root_port": false,
                "stp_p2p": false,
                "ui_evpntopo_id": null,
                "use_vstp": false,
                "voip_network": null
              },
              "crew": {
                "all_networks": false,
                "allow_dhcpd": null,
                "allow_multiple_supplicants": false,
                "bypass_auth_when_server_down": false,
                "bypass_auth_when_server_down_for_unkonwn_client": false,
                "description": null,
                "disable_autoneg": false,
                "disabled": false,
                "duplex": "auto",
                "dynamic_vlan_networks": [],
                "enable_mac_auth": false,
                "enable_qos": false,
                "guest_network": null,
                "inter_switch_link": false,
                "mac_auth_only": null,
                "mac_auth_preferred": null,
                "mac_auth_protocol": "eap-md5",
                "mac_limit": 0,
                "mode": "access",
                "mtu": null,
                "networks": [],
                "persist_mac": false,
                "poe_disabled": false,
                "port_auth": null,
                "port_network": "CREW",
                "reauth_interval": 3600,
                "reset_default_when": "link_down",
                "rules": null,
                "server_fail_network": null,
                "server_reject_network": null,
                "speed": "auto",
                "storm_control": {
                  "no_broadcast": false,
                  "no_multicast": false,
                  "no_registered_multicast": false,
                  "no_unknown_unicast": false,
                  "percentage": 5
                },
                "stp_edge": true,
                "stp_no_root_port": false,
                "stp_p2p": false,
                "ui_evpntopo_id": null,
                "use_vstp": false,
                "voip_network": null
              },
              "disabled_port": {
                "all_networks": false,
                "allow_dhcpd": null,
                "allow_multiple_supplicants": false,
                "bypass_auth_when_server_down": false,
                "bypass_auth_when_server_down_for_unkonwn_client": false,
                "description": null,
                "disable_autoneg": false,
                "disabled": true,
                "duplex": "auto",
                "dynamic_vlan_networks": [],
                "enable_mac_auth": false,
                "enable_qos": false,
                "guest_network": null,
                "inter_switch_link": false,
                "mac_auth_only": null,
                "mac_auth_preferred": null,
                "mac_auth_protocol": "eap-md5",
                "mac_limit": 0,
                "mode": "access",
                "mtu": null,
                "networks": [],
                "persist_mac": false,
                "poe_disabled": false,
                "port_auth": null,
                "port_network": "default",
                "reauth_interval": 3600,
                "reset_default_when": "link_down",
                "rules": null,
                "server_fail_network": null,
                "server_reject_network": null,
                "speed": "auto",
                "storm_control": null,
                "stp_edge": false,
                "stp_no_root_port": false,
                "stp_p2p": false,
                "ui_evpntopo_id": null,
                "use_vstp": false,
                "voip_network": null
              },
              "dot1x": {
                "all_networks": false,
                "allow_dhcpd": null,
                "allow_multiple_supplicants": false,
                "bypass_auth_when_server_down": false,
                "bypass_auth_when_server_down_for_unkonwn_client": false,
                "description": null,
                "disable_autoneg": false,
                "disabled": false,
                "duplex": "auto",
                "dynamic_vlan_networks": [],
                "enable_mac_auth": false,
                "enable_qos": false,
                "guest_network": null,
                "inter_switch_link": false,
                "mac_auth_only": null,
                "mac_auth_preferred": null,
                "mac_auth_protocol": "eap-md5",
                "mac_limit": 0,
                "mode": "access",
                "mtu": null,
                "networks": [],
                "persist_mac": false,
                "poe_disabled": false,
                "port_auth": "dot1x",
                "port_network": "QUARANTINE",
                "reauth_interval": 3600,
                "reset_default_when": "link_down",
                "rules": null,
                "server_fail_network": null,
                "server_reject_network": null,
                "speed": "auto",
                "storm_control": {
                  "no_broadcast": false,
                  "no_multicast": false,
                  "no_registered_multicast": false,
                  "no_unknown_unicast": false,
                  "percentage": 5
                },
                "stp_edge": true,
                "stp_no_root_port": false,
                "stp_p2p": false,
                "ui_evpntopo_id": null,
                "use_vstp": false,
                "voip_network": null
              },
              "dot1x-mab_only": {
                "all_networks": false,
                "allow_dhcpd": null,
                "allow_multiple_supplicants": false,
                "bypass_auth_when_server_down": true,
                "bypass_auth_when_server_down_for_unkonwn_client": false,
                "description": null,
                "disable_autoneg": false,
                "disabled": false,
                "duplex": "auto",
                "dynamic_vlan_networks": [],
                "enable_mac_auth": true,
                "enable_qos": false,
                "guest_network": null,
                "inter_switch_link": false,
                "mac_auth_only": true,
                "mac_auth_preferred": null,
                "mac_auth_protocol": "eap-md5",
                "mac_limit": 0,
                "mode": "access",
                "mtu": null,
                "networks": [],
                "persist_mac": false,
                "poe_disabled": false,
                "port_auth": "dot1x",
                "port_network": "QUARANTINE",
                "reauth_interval": 3600,
                "reset_default_when": "link_down",
                "rules": null,
                "server_fail_network": null,
                "server_reject_network": null,
                "speed": "auto",
                "storm_control": {
                  "no_broadcast": false,
                  "no_multicast": false,
                  "no_registered_multicast": false,
                  "no_unknown_unicast": false,
                  "percentage": 5
                },
                "stp_edge": true,
                "stp_no_root_port": false,
                "stp_p2p": false,
                "ui_evpntopo_id": null,
                "use_vstp": false,
                "voip_network": null
              },
              "dynamic": {
                "all_networks": false,
                "allow_dhcpd": null,
                "allow_multiple_supplicants": false,
                "bypass_auth_when_server_down": false,
                "bypass_auth_when_server_down_for_unkonwn_client": false,
                "description": null,
                "disable_autoneg": false,
                "disabled": false,
                "duplex": "auto",
                "dynamic_vlan_networks": [],
                "enable_mac_auth": false,
                "enable_qos": false,
                "guest_network": null,
                "inter_switch_link": false,
                "mac_auth_only": null,
                "mac_auth_preferred": null,
                "mac_auth_protocol": "eap-md5",
                "mac_limit": 0,
                "mode": "dynamic",
                "mtu": null,
                "networks": [],
                "persist_mac": false,
                "poe_disabled": false,
                "port_auth": null,
                "port_network": null,
                "reauth_interval": 3600,
                "reset_default_when": "link_down",
                "rules": null,
                "server_fail_network": null,
                "server_reject_network": null,
                "speed": "auto",
                "storm_control": null,
                "stp_edge": false,
                "stp_no_root_port": false,
                "stp_p2p": false,
                "ui_evpntopo_id": null,
                "use_vstp": false,
                "voip_network": null
              },
              "google_edge": {
                "all_networks": false,
                "allow_dhcpd": true,
                "allow_multiple_supplicants": false,
                "bypass_auth_when_server_down": false,
                "bypass_auth_when_server_down_for_unkonwn_client": false,
                "description": null,
                "disable_autoneg": false,
                "disabled": false,
                "duplex": "auto",
                "dynamic_vlan_networks": [],
                "enable_mac_auth": false,
                "enable_qos": false,
                "guest_network": null,
                "inter_switch_link": false,
                "mac_auth_only": null,
                "mac_auth_preferred": null,
                "mac_auth_protocol": "eap-md5",
                "mac_limit": 0,
                "mode": "trunk",
                "mtu": null,
                "networks": [
                  "CORE"
                ],
                "persist_mac": false,
                "poe_disabled": true,
                "port_auth": null,
                "port_network": "AUTOMATION",
                "reauth_interval": 3600,
                "reset_default_when": "link_down",
                "rules": null,
                "server_fail_network": null,
                "server_reject_network": null,
                "speed": "auto",
                "storm_control": {
                  "no_broadcast": false,
                  "no_multicast": false,
                  "no_registered_multicast": false,
                  "no_unknown_unicast": false,
                  "percentage": 5
                },
                "stp_edge": true,
                "stp_no_root_port": false,
                "stp_p2p": false,
                "ui_evpntopo_id": null,
                "use_vstp": false,
                "voip_network": null
              },
              "iot_wired": {
                "all_networks": false,
                "allow_dhcpd": null,
                "allow_multiple_supplicants": false,
                "bypass_auth_when_server_down": false,
                "bypass_auth_when_server_down_for_unkonwn_client": false,
                "description": null,
                "disable_autoneg": false,
                "disabled": false,
                "duplex": "auto",
                "dynamic_vlan_networks": [],
                "enable_mac_auth": false,
                "enable_qos": false,
                "guest_network": null,
                "inter_switch_link": false,
                "mac_auth_only": null,
                "mac_auth_preferred": null,
                "mac_auth_protocol": "eap-md5",
                "mac_limit": 0,
                "mode": "access",
                "mtu": null,
                "networks": [],
                "persist_mac": false,
                "poe_disabled": false,
                "port_auth": null,
                "port_network": "IOT_WIRED",
                "reauth_interval": 3600,
                "reset_default_when": "link_down",
                "rules": null,
                "server_fail_network": null,
                "server_reject_network": null,
                "speed": "auto",
                "storm_control": {
                  "no_broadcast": false,
                  "no_multicast": false,
                  "no_registered_multicast": false,
                  "no_unknown_unicast": false,
                  "percentage": 5
                },
                "stp_edge": true,
                "stp_no_root_port": false,
                "stp_p2p": false,
                "ui_evpntopo_id": null,
                "use_vstp": false,
                "voip_network": null
              },
              "iot_wireless": {
                "all_networks": false,
                "allow_dhcpd": null,
                "allow_multiple_supplicants": false,
                "bypass_auth_when_server_down": false,
                "bypass_auth_when_server_down_for_unkonwn_client": false,
                "description": null,
                "disable_autoneg": false,
                "disabled": false,
                "duplex": "auto",
                "dynamic_vlan_networks": [],
                "enable_mac_auth": false,
                "enable_qos": false,
                "guest_network": null,
                "inter_switch_link": false,
                "mac_auth_only": null,
                "mac_auth_preferred": null,
                "mac_auth_protocol": "eap-md5",
                "mac_limit": 0,
                "mode": "access",
                "mtu": null,
                "networks": [],
                "persist_mac": false,
                "poe_disabled": false,
                "port_auth": null,
                "port_network": "IOT_WIRELESS",
                "reauth_interval": 3600,
                "reset_default_when": "link_down",
                "rules": null,
                "server_fail_network": null,
                "server_reject_network": null,
                "speed": "auto",
                "storm_control": {
                  "no_broadcast": false,
                  "no_multicast": false,
                  "no_registered_multicast": false,
                  "no_unknown_unicast": false,
                  "percentage": 5
                },
                "stp_edge": true,
                "stp_no_root_port": false,
                "stp_p2p": false,
                "ui_evpntopo_id": null,
                "use_vstp": false,
                "voip_network": null
              },
              "mgmt": {
                "all_networks": false,
                "allow_dhcpd": null,
                "allow_multiple_supplicants": false,
                "bypass_auth_when_server_down": false,
                "bypass_auth_when_server_down_for_unkonwn_client": false,
                "description": null,
                "disable_autoneg": false,
                "disabled": false,
                "duplex": "auto",
                "dynamic_vlan_networks": [],
                "enable_mac_auth": false,
                "enable_qos": false,
                "guest_network": null,
                "inter_switch_link": false,
                "mac_auth_only": null,
                "mac_auth_preferred": null,
                "mac_auth_protocol": "eap-md5",
                "mac_limit": 0,
                "mode": "access",
                "mtu": null,
                "networks": [],
                "persist_mac": false,
                "poe_disabled": false,
                "port_auth": null,
                "port_network": "MANAGEMENT",
                "reauth_interval": 3600,
                "reset_default_when": "link_down",
                "rules": null,
                "server_fail_network": null,
                "server_reject_network": null,
                "speed": "auto",
                "storm_control": {
                  "no_broadcast": false,
                  "no_multicast": false,
                  "no_registered_multicast": false,
                  "no_unknown_unicast": false,
                  "percentage": 5
                },
                "stp_edge": true,
                "stp_no_root_port": false,
                "stp_p2p": false,
                "ui_evpntopo_id": null,
                "use_vstp": false,
                "voip_network": null
              },
              "pci": {
                "all_networks": false,
                "allow_dhcpd": null,
                "allow_multiple_supplicants": false,
                "bypass_auth_when_server_down": false,
                "bypass_auth_when_server_down_for_unkonwn_client": false,
                "description": null,
                "disable_autoneg": false,
                "disabled": false,
                "duplex": "auto",
                "dynamic_vlan_networks": [],
                "enable_mac_auth": false,
                "enable_qos": false,
                "guest_network": null,
                "inter_switch_link": false,
                "mac_auth_only": null,
                "mac_auth_preferred": null,
                "mac_auth_protocol": "eap-md5",
                "mac_limit": 0,
                "mode": "access",
                "mtu": null,
                "networks": [],
                "persist_mac": false,
                "poe_disabled": false,
                "port_auth": null,
                "port_network": "PCI",
                "reauth_interval": 3600,
                "reset_default_when": "link_down",
                "rules": null,
                "server_fail_network": null,
                "server_reject_network": null,
                "speed": "auto",
                "storm_control": {
                  "no_broadcast": false,
                  "no_multicast": false,
                  "no_registered_multicast": false,
                  "no_unknown_unicast": false,
                  "percentage": 5
                },
                "stp_edge": true,
                "stp_no_root_port": false,
                "stp_p2p": false,
                "ui_evpntopo_id": null,
                "use_vstp": false,
                "voip_network": null
              },
              "private": {
                "all_networks": false,
                "allow_dhcpd": null,
                "allow_multiple_supplicants": false,
                "bypass_auth_when_server_down": false,
                "bypass_auth_when_server_down_for_unkonwn_client": false,
                "description": null,
                "disable_autoneg": false,
                "disabled": false,
                "duplex": "auto",
                "dynamic_vlan_networks": [],
                "enable_mac_auth": false,
                "enable_qos": false,
                "guest_network": null,
                "inter_switch_link": false,
                "mac_auth_only": null,
                "mac_auth_preferred": null,
                "mac_auth_protocol": "eap-md5",
                "mac_limit": 0,
                "mode": "access",
                "mtu": null,
                "networks": [],
                "persist_mac": false,
                "poe_disabled": false,
                "port_auth": null,
                "port_network": "PRIVATE",
                "reauth_interval": 3600,
                "reset_default_when": "link_down",
                "rules": null,
                "server_fail_network": null,
                "server_reject_network": null,
                "speed": "auto",
                "storm_control": {
                  "no_broadcast": false,
                  "no_multicast": false,
                  "no_registered_multicast": false,
                  "no_unknown_unicast": false,
                  "percentage": 5
                },
                "stp_edge": true,
                "stp_no_root_port": false,
                "stp_p2p": false,
                "ui_evpntopo_id": null,
                "use_vstp": false,
                "voip_network": null
              },
              "public": {
                "all_networks": false,
                "allow_dhcpd": false,
                "allow_multiple_supplicants": false,
                "bypass_auth_when_server_down": false,
                "bypass_auth_when_server_down_for_unkonwn_client": false,
                "description": null,
                "disable_autoneg": false,
                "disabled": false,
                "duplex": "auto",
                "dynamic_vlan_networks": [],
                "enable_mac_auth": false,
                "enable_qos": false,
                "guest_network": null,
                "inter_switch_link": false,
                "mac_auth_only": null,
                "mac_auth_preferred": null,
                "mac_auth_protocol": "eap-md5",
                "mac_limit": 0,
                "mode": "access",
                "mtu": null,
                "networks": [],
                "persist_mac": false,
                "poe_disabled": false,
                "port_auth": null,
                "port_network": "PUBLIC",
                "reauth_interval": 3600,
                "reset_default_when": "link_down",
                "rules": null,
                "server_fail_network": null,
                "server_reject_network": null,
                "speed": "auto",
                "storm_control": {
                  "no_broadcast": false,
                  "no_multicast": false,
                  "no_registered_multicast": false,
                  "no_unknown_unicast": false,
                  "percentage": 15
                },
                "stp_edge": true,
                "stp_no_root_port": false,
                "stp_p2p": false,
                "ui_evpntopo_id": null,
                "use_vstp": false,
                "voip_network": null
              },
              "restricted": {
                "all_networks": false,
                "allow_dhcpd": null,
                "allow_multiple_supplicants": false,
                "bypass_auth_when_server_down": false,
                "bypass_auth_when_server_down_for_unkonwn_client": false,
                "description": null,
                "disable_autoneg": false,
                "disabled": false,
                "duplex": "auto",
                "dynamic_vlan_networks": [],
                "enable_mac_auth": false,
                "enable_qos": false,
                "guest_network": null,
                "inter_switch_link": false,
                "mac_auth_only": null,
                "mac_auth_preferred": null,
                "mac_auth_protocol": "eap-md5",
                "mac_limit": 0,
                "mode": "access",
                "mtu": null,
                "networks": [],
                "persist_mac": false,
                "poe_disabled": false,
                "port_auth": null,
                "port_network": "RESTRICTED",
                "reauth_interval": 3600,
                "reset_default_when": "link_down",
                "rules": null,
                "server_fail_network": null,
                "server_reject_network": null,
                "speed": "auto",
                "storm_control": {
                  "no_broadcast": false,
                  "no_multicast": false,
                  "no_registered_multicast": false,
                  "no_unknown_unicast": false,
                  "percentage": 15
                },
                "stp_edge": true,
                "stp_no_root_port": false,
                "stp_p2p": false,
                "ui_evpntopo_id": null,
                "use_vstp": false,
                "voip_network": null
              },
              "server-esxi": {
                "all_networks": true,
                "allow_dhcpd": null,
                "allow_multiple_supplicants": false,
                "bypass_auth_when_server_down": false,
                "bypass_auth_when_server_down_for_unkonwn_client": false,
                "description": null,
                "disable_autoneg": false,
                "disabled": false,
                "duplex": "auto",
                "dynamic_vlan_networks": [],
                "enable_mac_auth": false,
                "enable_qos": false,
                "guest_network": null,
                "inter_switch_link": false,
                "mac_auth_only": null,
                "mac_auth_preferred": null,
                "mac_auth_protocol": "eap-md5",
                "mac_limit": 0,
                "mode": "trunk",
                "mtu": null,
                "networks": [],
                "persist_mac": false,
                "poe_disabled": false,
                "port_auth": null,
                "port_network": "default",
                "reauth_interval": 3600,
                "reset_default_when": "link_down",
                "rules": null,
                "server_fail_network": null,
                "server_reject_network": null,
                "speed": "auto",
                "storm_control": {
                  "no_broadcast": false,
                  "no_multicast": false,
                  "no_registered_multicast": false,
                  "no_unknown_unicast": false,
                  "percentage": 10
                },
                "stp_edge": false,
                "stp_no_root_port": false,
                "stp_p2p": false,
                "ui_evpntopo_id": null,
                "use_vstp": false,
                "voip_network": null
              },
              "servers": {
                "all_networks": true,
                "allow_dhcpd": null,
                "allow_multiple_supplicants": false,
                "bypass_auth_when_server_down": false,
                "bypass_auth_when_server_down_for_unkonwn_client": false,
                "description": null,
                "disable_autoneg": false,
                "disabled": false,
                "duplex": "auto",
                "dynamic_vlan_networks": [],
                "enable_mac_auth": false,
                "enable_qos": false,
                "guest_network": null,
                "inter_switch_link": false,
                "mac_auth_only": null,
                "mac_auth_preferred": null,
                "mac_auth_protocol": "eap-md5",
                "mac_limit": 0,
                "mode": "trunk",
                "mtu": null,
                "networks": [],
                "persist_mac": false,
                "poe_disabled": false,
                "port_auth": null,
                "port_network": "default",
                "reauth_interval": 3600,
                "reset_default_when": "link_down",
                "rules": null,
                "server_fail_network": null,
                "server_reject_network": null,
                "speed": "auto",
                "storm_control": null,
                "stp_edge": false,
                "stp_no_root_port": false,
                "stp_p2p": false,
                "ui_evpntopo_id": null,
                "use_vstp": false,
                "voip_network": null
              },
              "store-ap": {
                "all_networks": false,
                "allow_dhcpd": null,
                "allow_multiple_supplicants": false,
                "bypass_auth_when_server_down": false,
                "bypass_auth_when_server_down_for_unkonwn_client": false,
                "description": null,
                "disable_autoneg": false,
                "disabled": false,
                "duplex": "auto",
                "dynamic_vlan_networks": [],
                "enable_mac_auth": false,
                "enable_qos": false,
                "guest_network": null,
                "inter_switch_link": false,
                "mac_auth_only": null,
                "mac_auth_preferred": null,
                "mac_auth_protocol": "eap-md5",
                "mac_limit": 0,
                "mode": "trunk",
                "mtu": null,
                "networks": [
                  "CREW",
                  "IOT_WIRELESS",
                  "PUBLIC",
                  "RESTRICTED",
                  "CORE"
                ],
                "persist_mac": false,
                "poe_disabled": false,
                "port_auth": null,
                "port_network": "default",
                "reauth_interval": 3600,
                "reset_default_when": "link_down",
                "rules": null,
                "server_fail_network": null,
                "server_reject_network": null,
                "speed": "auto",
                "storm_control": {
                  "no_broadcast": false,
                  "no_multicast": false,
                  "no_registered_multicast": false,
                  "no_unknown_unicast": false,
                  "percentage": 5
                },
                "stp_edge": true,
                "stp_no_root_port": false,
                "stp_p2p": false,
                "ui_evpntopo_id": null,
                "use_vstp": false,
                "voip_network": null
              },
              "untrusted": {
                "all_networks": false,
                "allow_dhcpd": null,
                "allow_multiple_supplicants": false,
                "bypass_auth_when_server_down": false,
                "bypass_auth_when_server_down_for_unkonwn_client": false,
                "description": null,
                "disable_autoneg": false,
                "disabled": false,
                "duplex": "auto",
                "dynamic_vlan_networks": [],
                "enable_mac_auth": false,
                "enable_qos": false,
                "guest_network": null,
                "inter_switch_link": false,
                "mac_auth_only": null,
                "mac_auth_preferred": null,
                "mac_auth_protocol": "eap-md5",
                "mac_limit": 0,
                "mode": "access",
                "mtu": null,
                "networks": [],
                "persist_mac": false,
                "poe_disabled": false,
                "port_auth": null,
                "port_network": "UNTRUSTED",
                "reauth_interval": 3600,
                "reset_default_when": "link_down",
                "rules": null,
                "server_fail_network": null,
                "server_reject_network": null,
                "speed": "auto",
                "storm_control": {
                  "no_broadcast": false,
                  "no_multicast": false,
                  "no_registered_multicast": false,
                  "no_unknown_unicast": false,
                  "percentage": 5
                },
                "stp_edge": true,
                "stp_no_root_port": false,
                "stp_p2p": false,
                "ui_evpntopo_id": null,
                "use_vstp": false,
                "voip_network": null
              },
              "uplink-srx-wan": {
                "all_networks": true,
                "allow_dhcpd": null,
                "allow_multiple_supplicants": false,
                "bypass_auth_when_server_down": false,
                "bypass_auth_when_server_down_for_unkonwn_client": false,
                "description": null,
                "disable_autoneg": false,
                "disabled": false,
                "duplex": "auto",
                "dynamic_vlan_networks": [],
                "enable_mac_auth": false,
                "enable_qos": false,
                "guest_network": null,
                "inter_switch_link": false,
                "mac_auth_only": null,
                "mac_auth_preferred": null,
                "mac_auth_protocol": "eap-md5",
                "mac_limit": 0,
                "mode": "trunk",
                "mtu": null,
                "networks": [],
                "persist_mac": false,
                "poe_disabled": false,
                "port_auth": null,
                "port_network": "default",
                "reauth_interval": 3600,
                "reset_default_when": "link_down",
                "rules": null,
                "server_fail_network": null,
                "server_reject_network": null,
                "speed": "auto",
                "storm_control": {
                  "no_broadcast": false,
                  "no_multicast": false,
                  "no_registered_multicast": false,
                  "no_unknown_unicast": false,
                  "percentage": 5
                },
                "stp_edge": false,
                "stp_no_root_port": false,
                "stp_p2p": false,
                "ui_evpntopo_id": null,
                "use_vstp": false,
                "voip_network": null
              },
              "uplink-switch": {
                "all_networks": true,
                "allow_dhcpd": null,
                "allow_multiple_supplicants": false,
                "bypass_auth_when_server_down": false,
                "bypass_auth_when_server_down_for_unkonwn_client": false,
                "description": null,
                "disable_autoneg": false,
                "disabled": false,
                "duplex": "auto",
                "dynamic_vlan_networks": [],
                "enable_mac_auth": false,
                "enable_qos": false,
                "guest_network": null,
                "inter_switch_link": false,
                "mac_auth_only": null,
                "mac_auth_preferred": null,
                "mac_auth_protocol": "eap-md5",
                "mac_limit": 0,
                "mode": "trunk",
                "mtu": null,
                "networks": [],
                "persist_mac": false,
                "poe_disabled": true,
                "port_auth": null,
                "port_network": "default",
                "reauth_interval": 3600,
                "reset_default_when": "link_down",
                "rules": null,
                "server_fail_network": null,
                "server_reject_network": null,
                "speed": "auto",
                "storm_control": {
                  "no_broadcast": false,
                  "no_multicast": false,
                  "no_registered_multicast": false,
                  "no_unknown_unicast": false,
                  "percentage": 2
                },
                "stp_edge": false,
                "stp_no_root_port": false,
                "stp_p2p": false,
                "ui_evpntopo_id": null,
                "use_vstp": false,
                "voip_network": null
              }
            },
            "radius_config": null,
            "remote_syslog": null,
            "remove_existing_configs": false,
            "site_id": "a6178917-480e-44e6-9fe6-b7390e990ae9",
            "snmp_config": null,
            "switch_matching": {
              "enable": true,
              "rules": [
                {
                  "additional_config_cmds": [
                    "set protocols rstp bridge-priority 28k",
                    "set protocols rstp interface uplink-switch no-root-port"
                  ],
                  "ip_config": null,
                  "match_model": "",
                  "match_name": "",
                  "match_name_offset": 0,
                  "match_role": "usa-style1-switch-1",
                  "match_type": "",
                  "match_value": "",
                  "name": "usa-style1-switch-1",
                  "oob_ip_config": null,
                  "port_config": {
                    "ge-0/0/0-1": {
                      "ae_disable_lacp": null,
                      "ae_idx": null,
                      "ae_lacp_slow": true,
                      "aggregated": false,
                      "critical": true,
                      "description": null,
                      "disable_autoneg": false,
                      "duplex": "auto",
                      "dynamic_usage": null,
                      "esilag": null,
                      "mtu": 1514,
                      "no_local_overwrite": true,
                      "poe_disabled": false,
                      "speed": "auto",
                      "usage": "core"
                    },
                    "ge-0/0/2-39": {
                      "ae_disable_lacp": null,
                      "ae_idx": null,
                      "ae_lacp_slow": true,
                      "aggregated": false,
                      "critical": false,
                      "description": null,
                      "disable_autoneg": false,
                      "duplex": "auto",
                      "dynamic_usage": null,
                      "esilag": null,
                      "mtu": 1514,
                      "no_local_overwrite": false,
                      "poe_disabled": false,
                      "speed": "auto",
                      "usage": "dot1x-mab_only"
                    },
                    "ge-0/0/44-45": {
                      "ae_disable_lacp": null,
                      "ae_idx": null,
                      "ae_lacp_slow": true,
                      "aggregated": false,
                      "critical": true,
                      "description": null,
                      "disable_autoneg": false,
                      "duplex": "auto",
                      "dynamic_usage": null,
                      "esilag": null,
                      "mtu": 1514,
                      "no_local_overwrite": true,
                      "poe_disabled": false,
                      "speed": "auto",
                      "usage": "store-ap"
                    },
                    "ge-0/0/46-47": {
                      "ae_disable_lacp": true,
                      "ae_idx": 0,
                      "ae_lacp_slow": false,
                      "aggregated": true,
                      "critical": true,
                      "description": null,
                      "disable_autoneg": false,
                      "duplex": "auto",
                      "dynamic_usage": null,
                      "esilag": null,
                      "mtu": 1514,
                      "no_local_overwrite": true,
                      "poe_disabled": false,
                      "speed": "auto",
                      "usage": "uplink-srx-wan"
                    },
                    "xe-0/1/0-1": {
                      "ae_disable_lacp": null,
                      "ae_idx": null,
                      "ae_lacp_slow": true,
                      "aggregated": false,
                      "critical": true,
                      "description": null,
                      "disable_autoneg": false,
                      "duplex": "auto",
                      "dynamic_usage": null,
                      "esilag": null,
                      "mtu": 1514,
                      "no_local_overwrite": true,
                      "poe_disabled": false,
                      "speed": "auto",
                      "usage": "uplink-switch"
                    },
                    "xe-0/1/2-3, ge-0/0/40-42": {
                      "ae_disable_lacp": null,
                      "ae_idx": null,
                      "ae_lacp_slow": true,
                      "aggregated": false,
                      "critical": false,
                      "description": null,
                      "disable_autoneg": false,
                      "duplex": "auto",
                      "dynamic_usage": null,
                      "esilag": null,
                      "mtu": 1514,
                      "no_local_overwrite": true,
                      "poe_disabled": false,
                      "speed": "auto",
                      "usage": "disabled_port"
                    }
                  },
                  "port_mirroring": {
                    "mcd-sw1-span": {
                      "input_networks_ingress": [
                        "CORE"
                      ],
                      "input_port_ids_egress": [],
                      "input_port_ids_ingress": [],
                      "output_network": null,
                      "output_port_id": "ge-0/0/42"
                    }
                  }
                },
                {
                  "additional_config_cmds": [
                    ""
                  ],
                  "ip_config": null,
                  "match_model": "",
                  "match_name": "",
                  "match_name_offset": 0,
                  "match_role": "usa-style1-switch-2",
                  "match_type": "",
                  "match_value": "",
                  "name": "usa-style1-switch-2",
                  "oob_ip_config": null,
                  "port_config": {
                    "ge-0/0/0-39": {
                      "ae_disable_lacp": null,
                      "ae_idx": null,
                      "ae_lacp_slow": true,
                      "aggregated": false,
                      "critical": false,
                      "description": null,
                      "disable_autoneg": false,
                      "duplex": "auto",
                      "dynamic_usage": null,
                      "esilag": null,
                      "mtu": 1514,
                      "no_local_overwrite": false,
                      "poe_disabled": false,
                      "speed": "auto",
                      "usage": "dot1x-mab_only"
                    },
                    "ge-0/0/40-42, xe-0/1/2-3": {
                      "ae_disable_lacp": null,
                      "ae_idx": null,
                      "ae_lacp_slow": true,
                      "aggregated": false,
                      "critical": false,
                      "description": null,
                      "disable_autoneg": false,
                      "duplex": "auto",
                      "dynamic_usage": null,
                      "esilag": null,
                      "mtu": 1514,
                      "no_local_overwrite": true,
                      "poe_disabled": false,
                      "speed": "auto",
                      "usage": "disabled_port"
                    },
                    "ge-0/0/44-45": {
                      "ae_disable_lacp": null,
                      "ae_idx": null,
                      "ae_lacp_slow": true,
                      "aggregated": false,
                      "critical": true,
                      "description": null,
                      "disable_autoneg": false,
                      "duplex": "auto",
                      "dynamic_usage": null,
                      "esilag": null,
                      "mtu": 1514,
                      "no_local_overwrite": true,
                      "poe_disabled": false,
                      "speed": "auto",
                      "usage": "store-ap"
                    },
                    "ge-0/0/46-47": {
                      "ae_disable_lacp": true,
                      "ae_idx": 0,
                      "ae_lacp_slow": false,
                      "aggregated": true,
                      "critical": true,
                      "description": null,
                      "disable_autoneg": false,
                      "duplex": "auto",
                      "dynamic_usage": null,
                      "esilag": null,
                      "mtu": 1514,
                      "no_local_overwrite": true,
                      "poe_disabled": false,
                      "speed": "auto",
                      "usage": "uplink-srx-wan"
                    },
                    "xe-0/1/0-1": {
                      "ae_disable_lacp": null,
                      "ae_idx": null,
                      "ae_lacp_slow": true,
                      "aggregated": false,
                      "critical": true,
                      "description": null,
                      "disable_autoneg": false,
                      "duplex": "auto",
                      "dynamic_usage": null,
                      "esilag": null,
                      "mtu": 1514,
                      "no_local_overwrite": true,
                      "poe_disabled": false,
                      "speed": "auto",
                      "usage": "uplink-switch"
                    }
                  },
                  "port_mirroring": null
                },
                {
                  "additional_config_cmds": [
                    "set protocols rstp bridge-priority 36k"
                  ],
                  "ip_config": null,
                  "match_model": "",
                  "match_name": "",
                  "match_name_offset": 0,
                  "match_role": "usa-style1-switch-3",
                  "match_type": "",
                  "match_value": "",
                  "name": "usa-style1-switch-3",
                  "oob_ip_config": null,
                  "port_config": {
                    "ge-0/0/0-39": {
                      "ae_disable_lacp": null,
                      "ae_idx": null,
                      "ae_lacp_slow": true,
                      "aggregated": false,
                      "critical": false,
                      "description": null,
                      "disable_autoneg": false,
                      "duplex": "auto",
                      "dynamic_usage": null,
                      "esilag": null,
                      "mtu": 1514,
                      "no_local_overwrite": false,
                      "poe_disabled": false,
                      "speed": "auto",
                      "usage": "dot1x-mab_only"
                    },
                    "ge-0/0/40-42, ge-0/0/46-47, xe-0/1/2-3": {
                      "ae_disable_lacp": null,
                      "ae_idx": null,
                      "ae_lacp_slow": true,
                      "aggregated": false,
                      "critical": false,
                      "description": null,
                      "disable_autoneg": false,
                      "duplex": "auto",
                      "dynamic_usage": null,
                      "esilag": null,
                      "mtu": 1514,
                      "no_local_overwrite": true,
                      "poe_disabled": false,
                      "speed": "auto",
                      "usage": "disabled_port"
                    },
                    "ge-0/0/44-45": {
                      "ae_disable_lacp": null,
                      "ae_idx": null,
                      "ae_lacp_slow": true,
                      "aggregated": false,
                      "critical": true,
                      "description": null,
                      "disable_autoneg": false,
                      "duplex": "auto",
                      "dynamic_usage": null,
                      "esilag": null,
                      "mtu": 1514,
                      "no_local_overwrite": true,
                      "poe_disabled": false,
                      "speed": "auto",
                      "usage": "store-ap"
                    },
                    "xe-0/1/0-1": {
                      "ae_disable_lacp": null,
                      "ae_idx": null,
                      "ae_lacp_slow": true,
                      "aggregated": false,
                      "critical": true,
                      "description": null,
                      "disable_autoneg": false,
                      "duplex": "auto",
                      "dynamic_usage": null,
                      "esilag": null,
                      "mtu": 1514,
                      "no_local_overwrite": true,
                      "poe_disabled": false,
                      "speed": "auto",
                      "usage": "uplink-switch"
                    }
                  },
                  "port_mirroring": null
                }
              ]
            },
            "switch_mgmt": {
              "ap_affinity_threshold": 10,
              "cli_banner": null,
              "cli_idle_timeout": null,
              "config_revert_timer": 10,
              "dhcp_option_fqdn": false,
              "disable_oob_down_alarm": null,
              "local_accounts": null,
              "mxedge_proxy_host": null,
              "mxedge_proxy_port": 2222,
              "protect_re": {
                "allowed_services": [
                  "icmp",
                  "ssh"
                ],
                "custom": [],
                "enabled": true,
                "trusted_hosts": []
              },
              "root_password": "5T156XC0Ou",
              "tacacs": null,
              "use_mxedge_proxy": null
            },
            "vrf_config": null,
            "vrf_instances": null
          },
          "sensitive_attributes": [
            [
              {
                "type": "get_attr",
                "value": "switch_mgmt"
              },
              {
                "type": "get_attr",
                "value": "root_password"
              }
            ]
          ],
          "dependencies": [
            "mist_org.terraform_test",
            "mist_site.terraform_site"
          ]
        }
      ]
    },
    {
      "mode": "managed",
      "type": "mist_site_setting",
      "name": "terraform_site",
      "provider": "provider[\"registry.terraform.io/juniper/mist\"]",
      "instances": [
        {
          "schema_version": 0,
          "attributes": {
            "analytic": null,
            "ap_updown_threshold": 0,
            "auto_upgrade": {
              "custom_versions": {
                "AP32": "0.14.29411",
                "AP43": "0.12.27139",
                "AP64": "0.14.29411"
              },
              "day_of_week": "sun",
              "enabled": true,
              "time_of_day": "02:00",
              "version": "custom"
            },
            "blacklist_url": "",
            "ble_config": null,
            "config_auto_revert": false,
            "config_push_policy": null,
            "critical_url_monitoring": null,
            "device_updown_threshold": 0,
            "engagement": null,
            "gateway_mgmt": {
              "admin_sshkeys": [],
              "app_probing": {
                "apps": [
                  "icloud",
                  "aws",
                  "facebook",
                  "azure",
                  "ms-teams",
                  "office365",
                  "okta",
                  "webex"
                ],
                "custom_apps": [
                  {
                    "address": null,
                    "app_type": null,
                    "hostnames": [
                      "https://vhqmcd.verifone.com"
                    ],
                    "key": "https://vhqmcd.verifone.com",
                    "name": "Verifone",
                    "network": null,
                    "packet_size": null,
                    "protocol": "http",
                    "url": null,
                    "vrf": null
                  }
                ],
                "enabled": true
              },
              "app_usage": true,
              "auto_signature_update": null,
              "config_revert_timer": 10,
              "disable_console": false,
              "disable_oob": false,
              "probe_hosts": [],
              "protect_re": {
                "allowed_services": [
                  "icmp",
                  "ssh"
                ],
                "custom": [],
                "enabled": true,
                "trusted_hosts": []
              },
              "root_password": "VftgfW7L13",
              "security_log_source_address": null,
              "security_log_source_interface": null
            },
            "gateway_updown_threshold": 0,
            "led": null,
            "occupancy": null,
            "persist_config_on_device": true,
            "proxy": null,
            "remove_existing_configs": false,
            "report_gatt": false,
            "rogue": {
              "enabled": true,
              "honeypot_enabled": true,
              "min_duration": 10,
              "min_rssi": -80,
              "whitelisted_bssids": [],
              "whitelisted_ssids": []
            },
            "rtsa": null,
            "simple_alert": null,
            "site_id": "a6178917-480e-44e6-9fe6-b7390e990ae9",
            "skyatp": null,
            "srx_app": null,
            "ssh_keys": null,
            "ssr": null,
            "switch_updown_threshold": 0,
            "synthetic_test": null,
            "track_anonymous_devices": false,
            "uplink_port_config": null,
            "vars": {
              "branch_ip": "10.220.93",
              "branch_no_routable": "172.24.151",
              "crew_network": "29.220.93",
              "iot_net_wired": "30.220.93",
              "iot_net_wired_upper": "192.168.93",
              "iot_net_wireless": "30.220.93",
              "iot_net_wireless_upper": "30.220.93",
              "local_ASN": "64777",
              "peer_ASN": "64781",
              "private_net": "29.220.93",
              "public_dns1": "64.134.255.10",
              "public_dns2": "64.134.255.2",
              "public_dns3": "208.67.222.222",
              "public_dns4": "208.67.220.220",
              "public_net": "192.168.4",
              "public_net_upper": "192.168.5",
              "quarantine_net": "29.220.93",
              "sc_local_id_1": "US_Prod_04270_1@accenture.net",
              "sc_local_id_2": "US_Prod_04270_2@accenture.net",
              "sc_remote_id_1": "prismacentral_1@palo.net",
              "sc_remote_id_2": "prismacentral_2@palo.net",
              "secondary_crew_network": "192.168.6",
              "secondary_iot_net_wireless": "192.168.94",
              "secondary_iot_wired": "192.168.92",
              "secondary_private_net": "192.168.91",
              "secondary_untrusted_net": "172.24.151",
              "secondary_untrusted_net_full_lower": "172.24.151.64",
              "secondary_untrusted_net_full_upper": "172.24.151.65",
              "service_ip_1": "137.83.229.89",
              "service_ip_2": "140.209.233.142",
              "store_nat": "7.0.0",
              "tunnel_monitor_ip": "10.220.93.62",
              "untrusted_net": "29.220.93"
            },
            "vna": null,
            "vs_instance": null,
            "wan_vna": null,
            "watched_station_url": "",
            "whitelist_url": "",
            "wids": null,
            "wifi": null,
            "wired_vna": null,
            "zone_occupancy_alert": null
          },
          "sensitive_attributes": [
            [
              {
                "type": "get_attr",
                "value": "gateway_mgmt"
              },
              {
                "type": "get_attr",
                "value": "root_password"
              }
            ]
          ],
          "dependencies": [
            "mist_org.terraform_test",
            "mist_site.terraform_site"
          ]
        }
      ]
    },
    {
      "mode": "managed",
      "type": "mist_site_wlan",
      "name": "wlan_0",
      "provider": "provider[\"registry.terraform.io/juniper/mist\"]",
      "instances": [
        {
          "schema_version": 0,
          "attributes": {
            "acct_immediate_update": false,
            "acct_interim_interval": 0,
            "acct_servers": [],
            "airwatch": {
              "api_key": "",
              "console_url": "",
              "enabled": false,
              "password": "",
              "username": ""
            },
            "allow_ipv6_ndp": false,
            "allow_mdns": false,
            "allow_ssdp": false,
            "ap_ids": null,
            "app_limit": {
              "apps": {},
              "enabled": false,
              "wxtag_ids": {}
            },
            "app_qos": {
              "apps": null,
              "enabled": false,
              "others": null
            },
            "apply_to": "site",
            "arp_filter": true,
            "auth": {
              "anticlog_threshold": 16,
              "eap_reauth": false,
              "enable_mac_auth": false,
              "key_idx": 1,
              "keys": [
                "",
                "",
                "",
                ""
              ],
              "multi_psk_only": false,
              "owe": "disabled",
              "pairwise": [],
              "private_wlan": false,
              "psk": "",
              "type": "open",
              "wep_as_secondary_auth": false
            },
            "auth_server_selection": "ordered",
            "auth_servers": [],
            "auth_servers_nas_id": "",
            "auth_servers_nas_ip": "",
            "auth_servers_retries": 2,
            "auth_servers_timeout": 5,
            "band_steer": false,
            "band_steer_force_band5": false,
            "bands": [
              "24",
              "5"
            ],
            "block_blacklist_clients": true,
            "bonjour": {
              "additional_vlan_ids": [],
              "enabled": null,
              "services": null
            },
            "cisco_cwa": {
              "allowed_hostnames": [],
              "allowed_subnets": [],
              "blocked_subnets": [],
              "enabled": false
            },
            "client_limit_down": 5000,
            "client_limit_down_enabled": true,
            "client_limit_up": 5000,
            "client_limit_up_enabled": true,
            "coa_servers": [],
            "disable_11ax": false,
            "disable_ht_vht_rates": false,
            "disable_uapsd": false,
            "disable_v1_roam_notify": false,
            "disable_v2_roam_notify": false,
            "disable_when_gateway_unreachable": null,
            "disable_when_mxtunnel_down": null,
            "disable_wmm": false,
            "dns_server_rewrite": {
              "enabled": false,
              "radius_groups": {}
            },
            "dtim": 2,
            "dynamic_psk": null,
            "dynamic_vlan": null,
            "enable_local_keycaching": false,
            "enable_wireless_bridging": false,
            "enable_wireless_bridging_dhcp_tracking": false,
            "enabled": true,
            "fast_dot1x_timers": false,
            "hide_ssid": false,
            "hostname_ie": false,
            "hotspot20": {
              "domain_name": [],
              "enabled": false,
              "nai_realms": [],
              "operators": [],
              "rcoi": [],
              "venue_name": null
            },
            "id": "bcce0341-a3f4-4516-97fc-bc87aa75c805",
            "inject_dhcp_option_82": null,
            "interface": "all",
            "isolation": true,
            "l2_isolation": true,
            "legacy_overds": false,
            "limit_bcast": true,
            "limit_probe_response": false,
            "max_idletime": 1800,
            "max_num_clients": 0,
            "mist_nac": {
              "enabled": false
            },
            "msp_id": "",
            "mxtunnel_ids": null,
            "mxtunnel_name": null,
            "no_static_dns": false,
            "no_static_ip": false,
            "org_id": "b3e13549-d254-43d3-b62c-ce121b957327",
            "portal": {
              "allow_wlan_id_roam": null,
              "amazon_client_id": "",
              "amazon_client_secret": "",
              "amazon_email_domains": [],
              "amazon_enabled": false,
              "amazon_expire": 0,
              "auth": "none",
              "azure_client_id": "",
              "azure_client_secret": "",
              "azure_enabled": false,
              "azure_expire": 0,
              "azure_tenant_id": "",
              "broadnet_password": "",
              "broadnet_sid": "MIST",
              "broadnet_user_id": "",
              "bypass_when_cloud_down": true,
              "clickatell_api_key": "",
              "cross_site": false,
              "email_enabled": false,
              "enabled": true,
              "expire": 240,
              "external_portal_url": "",
              "facebook_client_id": "",
              "facebook_client_secret": "",
              "facebook_email_domains": [],
              "facebook_enabled": false,
              "facebook_expire": 0,
              "forward": true,
              "forward_url": "https://www.mcdonalds.com/us/en-us/wifi.html",
              "google_client_id": "",
              "google_client_secret": "",
              "google_email_domains": [],
              "google_enabled": false,
              "google_expire": 0,
              "gupshup_password": "",
              "gupshup_userid": "",
              "microsoft_client_id": "",
              "microsoft_client_secret": "",
              "microsoft_email_domains": [],
              "microsoft_enabled": false,
              "microsoft_expire": 0,
              "passphrase_enabled": false,
              "passphrase_expire": 0,
              "password": "",
              "predefined_sponsors_enabled": false,
              "predefined_sponsors_hide_email": false,
              "privacy": false,
              "puzzel_password": "",
              "puzzel_service_id": "",
              "puzzel_username": "",
              "sms_enabled": false,
              "sms_expire": 0,
              "sms_message_format": "Code {{code}} expires in {{duration}} minutes.",
              "sms_provider": "manual",
              "sponsor_auto_approve": false,
              "sponsor_email_domains": [],
              "sponsor_enabled": false,
              "sponsor_expire": 0,
              "sponsor_link_validity_duration": "60",
              "sponsor_notify_all": true,
              "sponsor_status_notify": false,
              "sponsors": {},
              "sso_default_role": "",
              "sso_forced_role": "",
              "sso_idp_cert": "",
              "sso_idp_sign_algo": "sha1",
              "sso_idp_sso_url": "",
              "sso_issuer": "",
              "sso_nameid_format": "email",
              "telstra_client_id": "",
              "telstra_client_secret": "",
              "twilio_auth_token": "",
              "twilio_phone_number": "",
              "twilio_sid": ""
            },
            "portal_allowed_hostnames": [],
            "portal_allowed_subnets": [],
            "portal_api_secret": "",
            "portal_denied_hostnames": [],
            "portal_image": "not_present",
            "portal_sso_url": "",
            "qos": {
              "class": "best_effort",
              "overwrite": false
            },
            "radsec": {
              "coa_enabled": null,
              "enabled": false,
              "idle_timeout": null,
              "mxcluster_ids": [],
              "proxy_hosts": [],
              "server_name": "",
              "servers": [],
              "use_mxedge": null,
              "use_site_mxedge": null
            },
            "rateset": {
              "24": {
                "ht": null,
                "legacy": [],
                "min_rssi": 0,
                "template": "compatible",
                "vht": null
              },
              "5": {
                "ht": null,
                "legacy": [],
                "min_rssi": 0,
                "template": "compatible",
                "vht": null
              },
              "6": {
                "ht": null,
                "legacy": [],
                "min_rssi": 0,
                "template": "compatible",
                "vht": null
              }
            },
            "reconnect_clients_when_roaming_mxcluster": null,
            "roam_mode": "NONE",
            "schedule": {
              "enabled": false,
              "hours": {
                "fri": null,
                "mon": null,
                "sat": null,
                "sun": null,
                "thu": null,
                "tue": null,
                "wed": null
              }
            },
            "site_id": "a6178917-480e-44e6-9fe6-b7390e990ae9",
            "sle_excluded": true,
            "ssid": "McDonalds Free WiFi",
            "use_eapol_v1": false,
            "vlan_enabled": true,
            "vlan_id": "450",
            "vlan_ids": [],
            "vlan_pooling": false,
            "wlan_limit_down": 100000,
            "wlan_limit_down_enabled": true,
            "wlan_limit_up": 100000,
            "wlan_limit_up_enabled": true,
            "wxtag_ids": [],
            "wxtunnel_id": "",
            "wxtunnel_remote_id": ""
          },
          "sensitive_attributes": [
            [
              {
                "type": "get_attr",
                "value": "airwatch"
              },
              {
                "type": "get_attr",
                "value": "password"
              }
            ],
            [
              {
                "type": "get_attr",
                "value": "portal"
              },
              {
                "type": "get_attr",
                "value": "gupshup_password"
              }
            ],
            [
              {
                "type": "get_attr",
                "value": "portal"
              },
              {
                "type": "get_attr",
                "value": "broadnet_password"
              }
            ],
            [
              {
                "type": "get_attr",
                "value": "portal"
              },
              {
                "type": "get_attr",
                "value": "puzzel_password"
              }
            ],
            [
              {
                "type": "get_attr",
                "value": "portal"
              },
              {
                "type": "get_attr",
                "value": "password"
              }
            ],
            [
              {
                "type": "get_attr",
                "value": "auth"
              },
              {
                "type": "get_attr",
                "value": "psk"
              }
            ]
          ],
          "dependencies": [
            "mist_org.terraform_test",
            "mist_site.terraform_site"
          ]
        }
      ]
    },
    {
      "mode": "managed",
      "type": "mist_site_wlan",
      "name": "wlan_1",
      "provider": "provider[\"registry.terraform.io/juniper/mist\"]",
      "instances": [
        {
          "schema_version": 0,
          "attributes": {
            "acct_immediate_update": false,
            "acct_interim_interval": 0,
            "acct_servers": [],
            "airwatch": {
              "api_key": "",
              "console_url": "",
              "enabled": false,
              "password": "",
              "username": ""
            },
            "allow_ipv6_ndp": false,
            "allow_mdns": false,
            "allow_ssdp": false,
            "ap_ids": null,
            "app_limit": {
              "apps": {},
              "enabled": false,
              "wxtag_ids": {}
            },
            "app_qos": {
              "apps": null,
              "enabled": false,
              "others": null
            },
            "apply_to": "site",
            "arp_filter": true,
            "auth": {
              "anticlog_threshold": 16,
              "eap_reauth": false,
              "enable_mac_auth": true,
              "key_idx": 1,
              "keys": [
                "",
                "",
                "",
                ""
              ],
              "multi_psk_only": false,
              "owe": "disabled",
              "pairwise": [],
              "private_wlan": false,
              "psk": "",
              "type": "open",
              "wep_as_secondary_auth": false
            },
            "auth_server_selection": "ordered",
            "auth_servers": [],
            "auth_servers_nas_id": "",
            "auth_servers_nas_ip": "",
            "auth_servers_retries": 2,
            "auth_servers_timeout": 5,
            "band_steer": false,
            "band_steer_force_band5": false,
            "bands": [
              "24",
              "5"
            ],
            "block_blacklist_clients": true,
            "bonjour": {
              "additional_vlan_ids": [],
              "enabled": null,
              "services": null
            },
            "cisco_cwa": {
              "allowed_hostnames": [],
              "allowed_subnets": [],
              "blocked_subnets": [],
              "enabled": false
            },
            "client_limit_down": 1000,
            "client_limit_down_enabled": false,
            "client_limit_up": 512,
            "client_limit_up_enabled": false,
            "coa_servers": [],
            "disable_11ax": false,
            "disable_ht_vht_rates": false,
            "disable_uapsd": false,
            "disable_v1_roam_notify": false,
            "disable_v2_roam_notify": false,
            "disable_when_gateway_unreachable": null,
            "disable_when_mxtunnel_down": null,
            "disable_wmm": false,
            "dns_server_rewrite": {
              "enabled": false,
              "radius_groups": {}
            },
            "dtim": 2,
            "dynamic_psk": null,
            "dynamic_vlan": null,
            "enable_local_keycaching": false,
            "enable_wireless_bridging": false,
            "enable_wireless_bridging_dhcp_tracking": false,
            "enabled": true,
            "fast_dot1x_timers": false,
            "hide_ssid": false,
            "hostname_ie": false,
            "hotspot20": {
              "domain_name": [],
              "enabled": false,
              "nai_realms": [],
              "operators": [],
              "rcoi": [],
              "venue_name": null
            },
            "id": "ff9e9c9d-8775-4484-9555-2f56fd7e22ec",
            "inject_dhcp_option_82": null,
            "interface": "all",
            "isolation": false,
            "l2_isolation": false,
            "legacy_overds": false,
            "limit_bcast": true,
            "limit_probe_response": false,
            "max_idletime": 1800,
            "max_num_clients": 0,
            "mist_nac": {
              "enabled": true
            },
            "msp_id": "",
            "mxtunnel_ids": null,
            "mxtunnel_name": null,
            "no_static_dns": false,
            "no_static_ip": false,
            "org_id": "b3e13549-d254-43d3-b62c-ce121b957327",
            "portal": {
              "allow_wlan_id_roam": null,
              "amazon_client_id": "",
              "amazon_client_secret": "",
              "amazon_email_domains": [],
              "amazon_enabled": false,
              "amazon_expire": 0,
              "auth": "none",
              "azure_client_id": "",
              "azure_client_secret": "",
              "azure_enabled": false,
              "azure_expire": 0,
              "azure_tenant_id": "",
              "broadnet_password": "",
              "broadnet_sid": "MIST",
              "broadnet_user_id": "",
              "bypass_when_cloud_down": true,
              "clickatell_api_key": "",
              "cross_site": false,
              "email_enabled": false,
              "enabled": false,
              "expire": 1440,
              "external_portal_url": "",
              "facebook_client_id": "",
              "facebook_client_secret": "",
              "facebook_email_domains": [],
              "facebook_enabled": false,
              "facebook_expire": 0,
              "forward": false,
              "forward_url": "",
              "google_client_id": "",
              "google_client_secret": "",
              "google_email_domains": [],
              "google_enabled": false,
              "google_expire": 0,
              "gupshup_password": "",
              "gupshup_userid": "",
              "microsoft_client_id": "",
              "microsoft_client_secret": "",
              "microsoft_email_domains": [],
              "microsoft_enabled": false,
              "microsoft_expire": 0,
              "passphrase_enabled": false,
              "passphrase_expire": 0,
              "password": "",
              "predefined_sponsors_enabled": false,
              "predefined_sponsors_hide_email": false,
              "privacy": false,
              "puzzel_password": "",
              "puzzel_service_id": "",
              "puzzel_username": "",
              "sms_enabled": false,
              "sms_expire": 0,
              "sms_message_format": "Code {{code}} expires in {{duration}} minutes.",
              "sms_provider": "manual",
              "sponsor_auto_approve": false,
              "sponsor_email_domains": [],
              "sponsor_enabled": false,
              "sponsor_expire": 0,
              "sponsor_link_validity_duration": "60",
              "sponsor_notify_all": true,
              "sponsor_status_notify": false,
              "sponsors": {},
              "sso_default_role": "",
              "sso_forced_role": "",
              "sso_idp_cert": "",
              "sso_idp_sign_algo": "sha1",
              "sso_idp_sso_url": "",
              "sso_issuer": "",
              "sso_nameid_format": "email",
              "telstra_client_id": "",
              "telstra_client_secret": "",
              "twilio_auth_token": "",
              "twilio_phone_number": "",
              "twilio_sid": ""
            },
            "portal_allowed_hostnames": [],
            "portal_allowed_subnets": [],
            "portal_api_secret": "",
            "portal_denied_hostnames": [],
            "portal_image": "not_present",
            "portal_sso_url": "",
            "qos": {
              "class": "best_effort",
              "overwrite": false
            },
            "radsec": {
              "coa_enabled": null,
              "enabled": false,
              "idle_timeout": null,
              "mxcluster_ids": [],
              "proxy_hosts": [],
              "server_name": "",
              "servers": [],
              "use_mxedge": null,
              "use_site_mxedge": null
            },
            "rateset": {
              "24": {
                "ht": null,
                "legacy": [],
                "min_rssi": 0,
                "template": "compatible",
                "vht": null
              },
              "5": {
                "ht": null,
                "legacy": [],
                "min_rssi": 0,
                "template": "compatible",
                "vht": null
              },
              "6": {
                "ht": null,
                "legacy": [],
                "min_rssi": 0,
                "template": "compatible",
                "vht": null
              }
            },
            "reconnect_clients_when_roaming_mxcluster": null,
            "roam_mode": "NONE",
            "schedule": {
              "enabled": false,
              "hours": {
                "fri": null,
                "mon": null,
                "sat": null,
                "sun": null,
                "thu": null,
                "tue": null,
                "wed": null
              }
            },
            "site_id": "a6178917-480e-44e6-9fe6-b7390e990ae9",
            "sle_excluded": false,
            "ssid": "eBOS",
            "use_eapol_v1": false,
            "vlan_enabled": true,
            "vlan_id": "451",
            "vlan_ids": [],
            "vlan_pooling": false,
            "wlan_limit_down": 20000,
            "wlan_limit_down_enabled": false,
            "wlan_limit_up": 10000,
            "wlan_limit_up_enabled": false,
            "wxtag_ids": [],
            "wxtunnel_id": "",
            "wxtunnel_remote_id": ""
          },
          "sensitive_attributes": [
            [
              {
                "type": "get_attr",
                "value": "airwatch"
              },
              {
                "type": "get_attr",
                "value": "password"
              }
            ],
            [
              {
                "type": "get_attr",
                "value": "auth"
              },
              {
                "type": "get_attr",
                "value": "psk"
              }
            ],
            [
              {
                "type": "get_attr",
                "value": "portal"
              },
              {
                "type": "get_attr",
                "value": "gupshup_password"
              }
            ],
            [
              {
                "type": "get_attr",
                "value": "portal"
              },
              {
                "type": "get_attr",
                "value": "password"
              }
            ],
            [
              {
                "type": "get_attr",
                "value": "portal"
              },
              {
                "type": "get_attr",
                "value": "puzzel_password"
              }
            ],
            [
              {
                "type": "get_attr",
                "value": "portal"
              },
              {
                "type": "get_attr",
                "value": "broadnet_password"
              }
            ]
          ],
          "dependencies": [
            "mist_org.terraform_test",
            "mist_site.terraform_site"
          ]
        }
      ]
    },
    {
      "mode": "managed",
      "type": "mist_site_wlan",
      "name": "wlan_2",
      "provider": "provider[\"registry.terraform.io/juniper/mist\"]",
      "instances": [
        {
          "schema_version": 0,
          "attributes": {
            "acct_immediate_update": false,
            "acct_interim_interval": 0,
            "acct_servers": [],
            "airwatch": {
              "api_key": "",
              "console_url": "",
              "enabled": false,
              "password": "",
              "username": ""
            },
            "allow_ipv6_ndp": false,
            "allow_mdns": false,
            "allow_ssdp": false,
            "ap_ids": null,
            "app_limit": {
              "apps": {},
              "enabled": false,
              "wxtag_ids": {}
            },
            "app_qos": {
              "apps": null,
              "enabled": false,
              "others": null
            },
            "apply_to": "site",
            "arp_filter": true,
            "auth": {
              "anticlog_threshold": 16,
              "eap_reauth": false,
              "enable_mac_auth": false,
              "key_idx": 1,
              "keys": [
                "",
                "",
                "",
                ""
              ],
              "multi_psk_only": false,
              "owe": "disabled",
              "pairwise": [],
              "private_wlan": false,
              "psk": "",
              "type": "eap",
              "wep_as_secondary_auth": false
            },
            "auth_server_selection": "ordered",
            "auth_servers": [],
            "auth_servers_nas_id": "",
            "auth_servers_nas_ip": "",
            "auth_servers_retries": 2,
            "auth_servers_timeout": 5,
            "band_steer": false,
            "band_steer_force_band5": false,
            "bands": [
              "24",
              "5"
            ],
            "block_blacklist_clients": true,
            "bonjour": {
              "additional_vlan_ids": [],
              "enabled": null,
              "services": null
            },
            "cisco_cwa": {
              "allowed_hostnames": [],
              "allowed_subnets": [],
              "blocked_subnets": [],
              "enabled": false
            },
            "client_limit_down": 1000,
            "client_limit_down_enabled": false,
            "client_limit_up": 512,
            "client_limit_up_enabled": false,
            "coa_servers": [],
            "disable_11ax": false,
            "disable_ht_vht_rates": false,
            "disable_uapsd": false,
            "disable_v1_roam_notify": false,
            "disable_v2_roam_notify": false,
            "disable_when_gateway_unreachable": null,
            "disable_when_mxtunnel_down": null,
            "disable_wmm": false,
            "dns_server_rewrite": {
              "enabled": false,
              "radius_groups": {}
            },
            "dtim": 2,
            "dynamic_psk": null,
            "dynamic_vlan": null,
            "enable_local_keycaching": false,
            "enable_wireless_bridging": false,
            "enable_wireless_bridging_dhcp_tracking": false,
            "enabled": true,
            "fast_dot1x_timers": false,
            "hide_ssid": true,
            "hostname_ie": false,
            "hotspot20": {
              "domain_name": [],
              "enabled": false,
              "nai_realms": [],
              "operators": [],
              "rcoi": [],
              "venue_name": null
            },
            "id": "0bd80b98-764f-432f-8e96-0732a1016364",
            "inject_dhcp_option_82": null,
            "interface": "all",
            "isolation": false,
            "l2_isolation": false,
            "legacy_overds": false,
            "limit_bcast": true,
            "limit_probe_response": false,
            "max_idletime": 1800,
            "max_num_clients": 0,
            "mist_nac": {
              "enabled": true
            },
            "msp_id": "",
            "mxtunnel_ids": null,
            "mxtunnel_name": null,
            "no_static_dns": false,
            "no_static_ip": false,
            "org_id": "b3e13549-d254-43d3-b62c-ce121b957327",
            "portal": {
              "allow_wlan_id_roam": null,
              "amazon_client_id": "",
              "amazon_client_secret": "",
              "amazon_email_domains": [],
              "amazon_enabled": false,
              "amazon_expire": 0,
              "auth": "none",
              "azure_client_id": "",
              "azure_client_secret": "",
              "azure_enabled": false,
              "azure_expire": 0,
              "azure_tenant_id": "",
              "broadnet_password": "",
              "broadnet_sid": "MIST",
              "broadnet_user_id": "",
              "bypass_when_cloud_down": false,
              "clickatell_api_key": "",
              "cross_site": false,
              "email_enabled": false,
              "enabled": false,
              "expire": 1440,
              "external_portal_url": "",
              "facebook_client_id": "",
              "facebook_client_secret": "",
              "facebook_email_domains": [],
              "facebook_enabled": false,
              "facebook_expire": 0,
              "forward": false,
              "forward_url": "",
              "google_client_id": "",
              "google_client_secret": "",
              "google_email_domains": [],
              "google_enabled": false,
              "google_expire": 0,
              "gupshup_password": "",
              "gupshup_userid": "",
              "microsoft_client_id": "",
              "microsoft_client_secret": "",
              "microsoft_email_domains": [],
              "microsoft_enabled": false,
              "microsoft_expire": 0,
              "passphrase_enabled": false,
              "passphrase_expire": 0,
              "password": "",
              "predefined_sponsors_enabled": true,
              "predefined_sponsors_hide_email": false,
              "privacy": false,
              "puzzel_password": "",
              "puzzel_service_id": "",
              "puzzel_username": "",
              "sms_enabled": false,
              "sms_expire": 0,
              "sms_message_format": "Code {{code}} expires in {{duration}} minutes.",
              "sms_provider": "manual",
              "sponsor_auto_approve": false,
              "sponsor_email_domains": [],
              "sponsor_enabled": false,
              "sponsor_expire": 0,
              "sponsor_link_validity_duration": "60",
              "sponsor_notify_all": false,
              "sponsor_status_notify": false,
              "sponsors": {},
              "sso_default_role": "",
              "sso_forced_role": "",
              "sso_idp_cert": "",
              "sso_idp_sign_algo": "sha1",
              "sso_idp_sso_url": "",
              "sso_issuer": "",
              "sso_nameid_format": "email",
              "telstra_client_id": "",
              "telstra_client_secret": "",
              "twilio_auth_token": "",
              "twilio_phone_number": "",
              "twilio_sid": ""
            },
            "portal_allowed_hostnames": [],
            "portal_allowed_subnets": [],
            "portal_api_secret": "",
            "portal_denied_hostnames": [],
            "portal_image": "not_present",
            "portal_sso_url": "",
            "qos": {
              "class": "best_effort",
              "overwrite": false
            },
            "radsec": {
              "coa_enabled": null,
              "enabled": false,
              "idle_timeout": null,
              "mxcluster_ids": [],
              "proxy_hosts": [],
              "server_name": "",
              "servers": [],
              "use_mxedge": null,
              "use_site_mxedge": null
            },
            "rateset": {
              "24": {
                "ht": null,
                "legacy": [],
                "min_rssi": 0,
                "template": "compatible",
                "vht": null
              },
              "5": {
                "ht": null,
                "legacy": [],
                "min_rssi": 0,
                "template": "compatible",
                "vht": null
              },
              "6": {
                "ht": null,
                "legacy": [],
                "min_rssi": 0,
                "template": "compatible",
                "vht": null
              }
            },
            "reconnect_clients_when_roaming_mxcluster": null,
            "roam_mode": "NONE",
            "schedule": {
              "enabled": false,
              "hours": {
                "fri": null,
                "mon": null,
                "sat": null,
                "sun": null,
                "thu": null,
                "tue": null,
                "wed": null
              }
            },
            "site_id": "a6178917-480e-44e6-9fe6-b7390e990ae9",
            "sle_excluded": false,
            "ssid": "McD-HHOT",
            "use_eapol_v1": false,
            "vlan_enabled": true,
            "vlan_id": "420",
            "vlan_ids": [],
            "vlan_pooling": false,
            "wlan_limit_down": 20000,
            "wlan_limit_down_enabled": false,
            "wlan_limit_up": 10000,
            "wlan_limit_up_enabled": false,
            "wxtag_ids": [],
            "wxtunnel_id": "",
            "wxtunnel_remote_id": ""
          },
          "sensitive_attributes": [
            [
              {
                "type": "get_attr",
                "value": "airwatch"
              },
              {
                "type": "get_attr",
                "value": "password"
              }
            ],
            [
              {
                "type": "get_attr",
                "value": "portal"
              },
              {
                "type": "get_attr",
                "value": "password"
              }
            ],
            [
              {
                "type": "get_attr",
                "value": "portal"
              },
              {
                "type": "get_attr",
                "value": "gupshup_password"
              }
            ],
            [
              {
                "type": "get_attr",
                "value": "portal"
              },
              {
                "type": "get_attr",
                "value": "broadnet_password"
              }
            ],
            [
              {
                "type": "get_attr",
                "value": "portal"
              },
              {
                "type": "get_attr",
                "value": "puzzel_password"
              }
            ],
            [
              {
                "type": "get_attr",
                "value": "auth"
              },
              {
                "type": "get_attr",
                "value": "psk"
              }
            ]
          ],
          "dependencies": [
            "mist_org.terraform_test",
            "mist_site.terraform_site"
          ]
        }
      ]
    },
    {
      "mode": "managed",
      "type": "mist_site_wlan",
      "name": "wlan_3",
      "provider": "provider[\"registry.terraform.io/juniper/mist\"]",
      "instances": [
        {
          "schema_version": 0,
          "attributes": {
            "acct_immediate_update": false,
            "acct_interim_interval": 0,
            "acct_servers": [],
            "airwatch": {
              "api_key": "",
              "console_url": "",
              "enabled": false,
              "password": "",
              "username": ""
            },
            "allow_ipv6_ndp": false,
            "allow_mdns": false,
            "allow_ssdp": false,
            "ap_ids": null,
            "app_limit": {
              "apps": {},
              "enabled": false,
              "wxtag_ids": {}
            },
            "app_qos": {
              "apps": null,
              "enabled": false,
              "others": null
            },
            "apply_to": "site",
            "arp_filter": true,
            "auth": {
              "anticlog_threshold": 16,
              "eap_reauth": false,
              "enable_mac_auth": false,
              "key_idx": 1,
              "keys": [
                "",
                "",
                "",
                ""
              ],
              "multi_psk_only": true,
              "owe": "disabled",
              "pairwise": [],
              "private_wlan": false,
              "psk": "",
              "type": "psk",
              "wep_as_secondary_auth": false
            },
            "auth_server_selection": "ordered",
            "auth_servers": [],
            "auth_servers_nas_id": "",
            "auth_servers_nas_ip": "",
            "auth_servers_retries": 2,
            "auth_servers_timeout": 5,
            "band_steer": false,
            "band_steer_force_band5": false,
            "bands": [
              "24",
              "5"
            ],
            "block_blacklist_clients": true,
            "bonjour": {
              "additional_vlan_ids": [],
              "enabled": null,
              "services": null
            },
            "cisco_cwa": {
              "allowed_hostnames": [],
              "allowed_subnets": [],
              "blocked_subnets": [],
              "enabled": false
            },
            "client_limit_down": 1000,
            "client_limit_down_enabled": false,
            "client_limit_up": 512,
            "client_limit_up_enabled": false,
            "coa_servers": [],
            "disable_11ax": false,
            "disable_ht_vht_rates": false,
            "disable_uapsd": false,
            "disable_v1_roam_notify": false,
            "disable_v2_roam_notify": false,
            "disable_when_gateway_unreachable": null,
            "disable_when_mxtunnel_down": null,
            "disable_wmm": false,
            "dns_server_rewrite": {
              "enabled": false,
              "radius_groups": {}
            },
            "dtim": 2,
            "dynamic_psk": null,
            "dynamic_vlan": null,
            "enable_local_keycaching": false,
            "enable_wireless_bridging": false,
            "enable_wireless_bridging_dhcp_tracking": false,
            "enabled": true,
            "fast_dot1x_timers": false,
            "hide_ssid": false,
            "hostname_ie": false,
            "hotspot20": {
              "domain_name": [],
              "enabled": false,
              "nai_realms": [],
              "operators": [],
              "rcoi": [],
              "venue_name": null
            },
            "id": "64d6456d-a3ef-40ce-b08f-e15aeb25e948",
            "inject_dhcp_option_82": null,
            "interface": "all",
            "isolation": true,
            "l2_isolation": true,
            "legacy_overds": false,
            "limit_bcast": true,
            "limit_probe_response": false,
            "max_idletime": 1800,
            "max_num_clients": 0,
            "mist_nac": {
              "enabled": true
            },
            "msp_id": "",
            "mxtunnel_ids": null,
            "mxtunnel_name": null,
            "no_static_dns": false,
            "no_static_ip": false,
            "org_id": "b3e13549-d254-43d3-b62c-ce121b957327",
            "portal": {
              "allow_wlan_id_roam": null,
              "amazon_client_id": "",
              "amazon_client_secret": "",
              "amazon_email_domains": [],
              "amazon_enabled": false,
              "amazon_expire": 0,
              "auth": "none",
              "azure_client_id": "",
              "azure_client_secret": "",
              "azure_enabled": false,
              "azure_expire": 0,
              "azure_tenant_id": "",
              "broadnet_password": "",
              "broadnet_sid": "MIST",
              "broadnet_user_id": "",
              "bypass_when_cloud_down": true,
              "clickatell_api_key": "",
              "cross_site": false,
              "email_enabled": false,
              "enabled": false,
              "expire": 1440,
              "external_portal_url": "",
              "facebook_client_id": "",
              "facebook_client_secret": "",
              "facebook_email_domains": [],
              "facebook_enabled": false,
              "facebook_expire": 0,
              "forward": false,
              "forward_url": "",
              "google_client_id": "",
              "google_client_secret": "",
              "google_email_domains": [],
              "google_enabled": false,
              "google_expire": 0,
              "gupshup_password": "",
              "gupshup_userid": "",
              "microsoft_client_id": "",
              "microsoft_client_secret": "",
              "microsoft_email_domains": [],
              "microsoft_enabled": false,
              "microsoft_expire": 0,
              "passphrase_enabled": false,
              "passphrase_expire": 0,
              "password": "",
              "predefined_sponsors_enabled": false,
              "predefined_sponsors_hide_email": false,
              "privacy": false,
              "puzzel_password": "",
              "puzzel_service_id": "",
              "puzzel_username": "",
              "sms_enabled": false,
              "sms_expire": 0,
              "sms_message_format": "Code {{code}} expires in {{duration}} minutes.",
              "sms_provider": "manual",
              "sponsor_auto_approve": false,
              "sponsor_email_domains": [],
              "sponsor_enabled": false,
              "sponsor_expire": 0,
              "sponsor_link_validity_duration": "60",
              "sponsor_notify_all": true,
              "sponsor_status_notify": false,
              "sponsors": {},
              "sso_default_role": "",
              "sso_forced_role": "",
              "sso_idp_cert": "",
              "sso_idp_sign_algo": "sha1",
              "sso_idp_sso_url": "",
              "sso_issuer": "",
              "sso_nameid_format": "email",
              "telstra_client_id": "",
              "telstra_client_secret": "",
              "twilio_auth_token": "",
              "twilio_phone_number": "",
              "twilio_sid": ""
            },
            "portal_allowed_hostnames": [],
            "portal_allowed_subnets": [],
            "portal_api_secret": "",
            "portal_denied_hostnames": [],
            "portal_image": "not_present",
            "portal_sso_url": "",
            "qos": {
              "class": "best_effort",
              "overwrite": false
            },
            "radsec": {
              "coa_enabled": null,
              "enabled": false,
              "idle_timeout": null,
              "mxcluster_ids": [],
              "proxy_hosts": [],
              "server_name": "",
              "servers": [],
              "use_mxedge": null,
              "use_site_mxedge": null
            },
            "rateset": {
              "24": {
                "ht": null,
                "legacy": [],
                "min_rssi": 0,
                "template": "compatible",
                "vht": null
              },
              "5": {
                "ht": null,
                "legacy": [],
                "min_rssi": 0,
                "template": "compatible",
                "vht": null
              },
              "6": {
                "ht": null,
                "legacy": [],
                "min_rssi": 0,
                "template": "compatible",
                "vht": null
              }
            },
            "reconnect_clients_when_roaming_mxcluster": null,
            "roam_mode": "NONE",
            "schedule": {
              "enabled": false,
              "hours": {
                "fri": null,
                "mon": null,
                "sat": null,
                "sun": null,
                "thu": null,
                "tue": null,
                "wed": null
              }
            },
            "site_id": "a6178917-480e-44e6-9fe6-b7390e990ae9",
            "sle_excluded": false,
            "ssid": "McD-IoT",
            "use_eapol_v1": false,
            "vlan_enabled": true,
            "vlan_id": "494",
            "vlan_ids": [],
            "vlan_pooling": false,
            "wlan_limit_down": 20000,
            "wlan_limit_down_enabled": false,
            "wlan_limit_up": 10000,
            "wlan_limit_up_enabled": false,
            "wxtag_ids": [],
            "wxtunnel_id": "",
            "wxtunnel_remote_id": ""
          },
          "sensitive_attributes": [
            [
              {
                "type": "get_attr",
                "value": "portal"
              },
              {
                "type": "get_attr",
                "value": "gupshup_password"
              }
            ],
            [
              {
                "type": "get_attr",
                "value": "portal"
              },
              {
                "type": "get_attr",
                "value": "puzzel_password"
              }
            ],
            [
              {
                "type": "get_attr",
                "value": "portal"
              },
              {
                "type": "get_attr",
                "value": "password"
              }
            ],
            [
              {
                "type": "get_attr",
                "value": "portal"
              },
              {
                "type": "get_attr",
                "value": "broadnet_password"
              }
            ],
            [
              {
                "type": "get_attr",
                "value": "airwatch"
              },
              {
                "type": "get_attr",
                "value": "password"
              }
            ],
            [
              {
                "type": "get_attr",
                "value": "auth"
              },
              {
                "type": "get_attr",
                "value": "psk"
              }
            ]
          ],
          "dependencies": [
            "mist_org.terraform_test",
            "mist_site.terraform_site"
          ]
        }
      ]
    },
    {
      "mode": "managed",
      "type": "mist_site_wxrule",
      "name": "wxrule_wxrule_0",
      "provider": "provider[\"registry.terraform.io/juniper/mist\"]",
      "instances": [
        {
          "schema_version": 0,
          "attributes": {
            "action": "allow",
            "apply_tags": null,
            "blocked_apps": null,
            "dst_allow_wxtags": [],
            "dst_deny_wxtags": [
              "e735200a-4348-48c2-8bb4-cbb00d02e83a"
            ],
            "dst_wxtags": [],
            "enabled": true,
            "id": "500499f6-3b19-4121-a2c9-5ad47191e123",
            "order": 1,
            "site_id": "a6178917-480e-44e6-9fe6-b7390e990ae9",
            "src_wxtags": [
              "d09dc36c-4464-4ff0-8bb0-365a5948d237"
            ]
          },
          "sensitive_attributes": [],
          "dependencies": [
            "mist_org.terraform_test",
            "mist_site.terraform_site",
            "mist_site_wlan.wlan_0",
            "mist_site_wxtag.wxtag_1",
            "mist_site_wxtag.wxtag_4"
          ]
        }
      ]
    },
    {
      "mode": "managed",
      "type": "mist_site_wxtag",
      "name": "wxtag_0",
      "provider": "provider[\"registry.terraform.io/juniper/mist\"]",
      "instances": [
        {
          "schema_version": 0,
          "attributes": {
            "id": "38179a88-0546-40be-9d18-b92f7a57bd93",
            "mac": null,
            "match": "ip_range_subnet",
            "name": "google 8.8.8.8",
            "op": "in",
            "site_id": "a6178917-480e-44e6-9fe6-b7390e990ae9",
            "specs": null,
            "type": "match",
            "values": [
              "8.8.8.8/32"
            ],
            "vlan_id": null
          },
          "sensitive_attributes": [],
          "dependencies": [
            "mist_org.terraform_test",
            "mist_site.terraform_site"
          ]
        }
      ]
    },
    {
      "mode": "managed",
      "type": "mist_site_wxtag",
      "name": "wxtag_1",
      "provider": "provider[\"registry.terraform.io/juniper/mist\"]",
      "instances": [
        {
          "schema_version": 0,
          "attributes": {
            "id": "d09dc36c-4464-4ff0-8bb0-365a5948d237",
            "mac": null,
            "match": "wlan_id",
            "name": "Free-Wi-Fi",
            "op": "in",
            "site_id": "a6178917-480e-44e6-9fe6-b7390e990ae9",
            "specs": null,
            "type": "match",
            "values": [
              "bcce0341-a3f4-4516-97fc-bc87aa75c805"
            ],
            "vlan_id": null
          },
          "sensitive_attributes": [],
          "dependencies": [
            "mist_org.terraform_test",
            "mist_site.terraform_site",
            "mist_site_wlan.wlan_0"
          ]
        }
      ]
    },
    {
      "mode": "managed",
      "type": "mist_site_wxtag",
      "name": "wxtag_2",
      "provider": "provider[\"registry.terraform.io/juniper/mist\"]",
      "instances": [
        {
          "schema_version": 0,
          "attributes": {
            "id": "d83de85f-2402-4113-92c4-7ba5ef349d5f",
            "mac": null,
            "match": "radius_group",
            "name": "IoT",
            "op": "in",
            "site_id": "a6178917-480e-44e6-9fe6-b7390e990ae9",
            "specs": null,
            "type": "match",
            "values": [
              "IoT"
            ],
            "vlan_id": null
          },
          "sensitive_attributes": [],
          "dependencies": [
            "mist_org.terraform_test",
            "mist_site.terraform_site"
          ]
        }
      ]
    },
    {
      "mode": "managed",
      "type": "mist_site_wxtag",
      "name": "wxtag_3",
      "provider": "provider[\"registry.terraform.io/juniper/mist\"]",
      "instances": [
        {
          "schema_version": 0,
          "attributes": {
            "id": "bbff42c5-cf2a-46db-b09f-6eee7865a5b6",
            "mac": null,
            "match": "radius_group",
            "name": "Employee",
            "op": "in",
            "site_id": "a6178917-480e-44e6-9fe6-b7390e990ae9",
            "specs": null,
            "type": "match",
            "values": [
              "Employee"
            ],
            "vlan_id": null
          },
          "sensitive_attributes": [],
          "dependencies": [
            "mist_org.terraform_test",
            "mist_site.terraform_site"
          ]
        }
      ]
    },
    {
      "mode": "managed",
      "type": "mist_site_wxtag",
      "name": "wxtag_4",
      "provider": "provider[\"registry.terraform.io/juniper/mist\"]",
      "instances": [
        {
          "schema_version": 0,
          "attributes": {
            "id": "e735200a-4348-48c2-8bb4-cbb00d02e83a",
            "mac": null,
            "match": "ip_range_subnet",
            "name": "RFC-1918",
            "op": "in",
            "site_id": "a6178917-480e-44e6-9fe6-b7390e990ae9",
            "specs": null,
            "type": "match",
            "values": [
              "10.0.0.0/8",
              "172.16.0.0/12",
              "192.168.0.0/16"
            ],
            "vlan_id": null
          },
          "sensitive_attributes": [],
          "dependencies": [
            "mist_org.terraform_test",
            "mist_site.terraform_site"
          ]
        }
      ]
    }
  ],
  "check_results": null
}
