{
  "version": 4,
  "terraform_version": "1.10.0",
  "serial": 376,
  "lineage": "498d77f2-7097-ebcd-c337-f64ace545a4c",
  "outputs": {},
  "resources": [
    {
      "mode": "managed",
      "type": "mist_org",
      "name": "terraform_test",
      "provider": "provider[\"registry.terraform.io/juniper/mist\"]",
      "instances": [
        {
          "schema_version": 0,
          "attributes": {
            "alarmtemplate_id": null,
            "allow_mist": true,
            "id": "9433bc30-0867-4bab-b4af-a26c3c6aa645",
            "msp_id": null,
            "msp_logo_url": null,
            "msp_name": null,
            "name": "Terraform Testing - MD",
            "orggroup_ids": [],
            "session_expiry": 1440
          },
          "sensitive_attributes": []
        }
      ]
    },
    {
      "mode": "managed",
      "type": "mist_org_service",
      "name": "service_0",
      "provider": "provider[\"registry.terraform.io/juniper/mist\"]",
      "instances": [
        {
          "schema_version": 0,
          "attributes": {
            "addresses": [],
            "app_categories": [],
            "app_subcategories": [],
            "apps": [
              "office365"
            ],
            "description": null,
            "dscp": null,
            "failover_policy": "revertable",
            "hostnames": [],
            "id": "d9f844a6-0606-4a22-b787-a0d6db1fae3e",
            "max_jitter": null,
            "max_latency": null,
            "max_loss": null,
            "name": "LBO-L7-APPS",
            "org_id": "9433bc30-0867-4bab-b4af-a26c3c6aa645",
            "sle_enabled": false,
            "specs": null,
            "ssr_relaxed_tcp_state_enforcement": false,
            "traffic_class": "best_effort",
            "traffic_type": "default",
            "type": "apps",
            "urls": []
          },
          "sensitive_attributes": [],
          "dependencies": [
            "mist_org.terraform_test"
          ]
        }
      ]
    },
    {
      "mode": "managed",
      "type": "mist_org_service",
      "name": "service_1",
      "provider": "provider[\"registry.terraform.io/juniper/mist\"]",
      "instances": [
        {
          "schema_version": 0,
          "attributes": {
            "addresses": [],
            "app_categories": [],
            "app_subcategories": [],
            "apps": [
              "office365"
            ],
            "description": "App for detecting office 365",
            "dscp": null,
            "failover_policy": "revertable",
            "hostnames": [],
            "id": "56a45462-fb02-4006-8447-a72029abede3",
            "max_jitter": null,
            "max_latency": null,
            "max_loss": null,
            "name": "XX-office365",
            "org_id": "9433bc30-0867-4bab-b4af-a26c3c6aa645",
            "sle_enabled": false,
            "specs": null,
            "ssr_relaxed_tcp_state_enforcement": false,
            "traffic_class": "best_effort",
            "traffic_type": "default",
            "type": "apps",
            "urls": []
          },
          "sensitive_attributes": [],
          "dependencies": [
            "mist_org.terraform_test"
          ]
        }
      ]
    },
    {
      "mode": "managed",
      "type": "mist_org_service",
      "name": "service_10",
      "provider": "provider[\"registry.terraform.io/juniper/mist\"]",
      "instances": [
        {
          "schema_version": 0,
          "attributes": {
            "addresses": [
              "0.0.0.0/0"
            ],
            "app_categories": [],
            "app_subcategories": [],
            "apps": [],
            "description": null,
            "dscp": null,
            "failover_policy": "revertable",
            "hostnames": [],
            "id": "008cd360-8ab6-4132-b499-f7ba7730c60b",
            "max_jitter": null,
            "max_latency": null,
            "max_loss": null,
            "name": "ANY-TCP_8112",
            "org_id": "9433bc30-0867-4bab-b4af-a26c3c6aa645",
            "sle_enabled": false,
            "specs": [
              {
                "port_range": "8112-8112",
                "protocol": "tcp"
              }
            ],
            "ssr_relaxed_tcp_state_enforcement": false,
            "traffic_class": "best_effort",
            "traffic_type": "default",
            "type": "custom",
            "urls": []
          },
          "sensitive_attributes": [],
          "dependencies": [
            "mist_org.terraform_test"
          ]
        }
      ]
    },
    {
      "mode": "managed",
      "type": "mist_org_service",
      "name": "service_100",
      "provider": "provider[\"registry.terraform.io/juniper/mist\"]",
      "instances": [
        {
          "schema_version": 0,
          "attributes": {
            "addresses": [
              "{{branch_ip}}.50/32"
            ],
            "app_categories": [],
            "app_subcategories": [],
            "apps": [],
            "description": null,
            "dscp": null,
            "failover_policy": "revertable",
            "hostnames": [],
            "id": "93c02e63-f667-4457-b8ec-02bb3ff90c18",
            "max_jitter": null,
            "max_latency": null,
            "max_loss": null,
            "name": "10_X_Y_50-ICMP",
            "org_id": "9433bc30-0867-4bab-b4af-a26c3c6aa645",
            "sle_enabled": false,
            "specs": [
              {
                "port_range": null,
                "protocol": "icmp"
              }
            ],
            "ssr_relaxed_tcp_state_enforcement": false,
            "traffic_class": "best_effort",
            "traffic_type": "default",
            "type": "custom",
            "urls": []
          },
          "sensitive_attributes": [],
          "dependencies": [
            "mist_org.terraform_test"
          ]
        }
      ]
    },
    {
      "mode": "managed",
      "type": "mist_org_service",
      "name": "service_101",
      "provider": "provider[\"registry.terraform.io/juniper/mist\"]",
      "instances": [
        {
          "schema_version": 0,
          "attributes": {
            "addresses": [
              "{{branch_ip}}.62/32"
            ],
            "app_categories": [],
            "app_subcategories": [],
            "apps": [],
            "description": null,
            "dscp": null,
            "failover_policy": "revertable",
            "hostnames": [],
            "id": "67ade8e8-d6fb-47c7-b838-209a4e46162f",
            "max_jitter": null,
            "max_latency": null,
            "max_loss": null,
            "name": "10_X_Y_62-UDP_123",
            "org_id": "9433bc30-0867-4bab-b4af-a26c3c6aa645",
            "sle_enabled": false,
            "specs": [
              {
                "port_range": "123-123",
                "protocol": "udp"
              }
            ],
            "ssr_relaxed_tcp_state_enforcement": false,
            "traffic_class": "best_effort",
            "traffic_type": "default",
            "type": "custom",
            "urls": []
          },
          "sensitive_attributes": [],
          "dependencies": [
            "mist_org.terraform_test"
          ]
        }
      ]
    },
    {
      "mode": "managed",
      "type": "mist_org_service",
      "name": "service_102",
      "provider": "provider[\"registry.terraform.io/juniper/mist\"]",
      "instances": [
        {
          "schema_version": 0,
          "attributes": {
            "addresses": [
              "0.0.0.0/0"
            ],
            "app_categories": [],
            "app_subcategories": [],
            "apps": [],
            "description": null,
            "dscp": null,
            "failover_policy": "revertable",
            "hostnames": [],
            "id": "b9488385-cf8d-4887-814a-a5c106f243ce",
            "max_jitter": null,
            "max_latency": null,
            "max_loss": null,
            "name": "ANY-UDP_8209",
            "org_id": "9433bc30-0867-4bab-b4af-a26c3c6aa645",
            "sle_enabled": false,
            "specs": [
              {
                "port_range": "8209-8209",
                "protocol": "udp"
              }
            ],
            "ssr_relaxed_tcp_state_enforcement": false,
            "traffic_class": "best_effort",
            "traffic_type": "default",
            "type": "custom",
            "urls": []
          },
          "sensitive_attributes": [],
          "dependencies": [
            "mist_org.terraform_test"
          ]
        }
      ]
    },
    {
      "mode": "managed",
      "type": "mist_org_service",
      "name": "service_103",
      "provider": "provider[\"registry.terraform.io/juniper/mist\"]",
      "instances": [
        {
          "schema_version": 0,
          "attributes": {
            "addresses": [
              "{{iot_net_wired}}.200/32"
            ],
            "app_categories": [],
            "app_subcategories": [],
            "apps": [],
            "description": null,
            "dscp": null,
            "failover_policy": "revertable",
            "hostnames": [],
            "id": "bf88a1ca-e2d2-4398-a44c-21dbb218605a",
            "max_jitter": null,
            "max_latency": null,
            "max_loss": null,
            "name": "192_168_92_200-TCP_443",
            "org_id": "9433bc30-0867-4bab-b4af-a26c3c6aa645",
            "sle_enabled": false,
            "specs": [
              {
                "port_range": "443-443",
                "protocol": "tcp"
              }
            ],
            "ssr_relaxed_tcp_state_enforcement": false,
            "traffic_class": "best_effort",
            "traffic_type": "default",
            "type": "custom",
            "urls": []
          },
          "sensitive_attributes": [],
          "dependencies": [
            "mist_org.terraform_test"
          ]
        }
      ]
    },
    {
      "mode": "managed",
      "type": "mist_org_service",
      "name": "service_104",
      "provider": "provider[\"registry.terraform.io/juniper/mist\"]",
      "instances": [
        {
          "schema_version": 0,
          "attributes": {
            "addresses": [
              "{{branch_no_routable}}.0/26"
            ],
            "app_categories": [],
            "app_subcategories": [],
            "apps": [],
            "description": null,
            "dscp": null,
            "failover_policy": "revertable",
            "hostnames": [],
            "id": "6cbbeffd-991f-4bca-a501-2e10d1c1522d",
            "max_jitter": null,
            "max_latency": null,
            "max_loss": null,
            "name": "192_168_90_0-24-ANY",
            "org_id": "9433bc30-0867-4bab-b4af-a26c3c6aa645",
            "sle_enabled": false,
            "specs": [
              {
                "port_range": null,
                "protocol": "any"
              }
            ],
            "ssr_relaxed_tcp_state_enforcement": false,
            "traffic_class": "best_effort",
            "traffic_type": "default",
            "type": "custom",
            "urls": []
          },
          "sensitive_attributes": [],
          "dependencies": [
            "mist_org.terraform_test"
          ]
        }
      ]
    },
    {
      "mode": "managed",
      "type": "mist_org_service",
      "name": "service_105",
      "provider": "provider[\"registry.terraform.io/juniper/mist\"]",
      "instances": [
        {
          "schema_version": 0,
          "attributes": {
            "addresses": [
              "{{branch_ip}}.131/32",
              "{{branch_ip}}.132/32"
            ],
            "app_categories": [],
            "app_subcategories": [],
            "apps": [],
            "description": null,
            "dscp": null,
            "failover_policy": "revertable",
            "hostnames": [],
            "id": "13160e36-8b80-4396-898f-b45d5ebd525b",
            "max_jitter": null,
            "max_latency": null,
            "max_loss": null,
            "name": "RESTRICTED-TCP-5015",
            "org_id": "9433bc30-0867-4bab-b4af-a26c3c6aa645",
            "sle_enabled": false,
            "specs": [
              {
                "port_range": "5015-5015",
                "protocol": "tcp"
              }
            ],
            "ssr_relaxed_tcp_state_enforcement": false,
            "traffic_class": "best_effort",
            "traffic_type": "default",
            "type": "custom",
            "urls": []
          },
          "sensitive_attributes": [],
          "dependencies": [
            "mist_org.terraform_test"
          ]
        }
      ]
    },
    {
      "mode": "managed",
      "type": "mist_org_service",
      "name": "service_106",
      "provider": "provider[\"registry.terraform.io/juniper/mist\"]",
      "instances": [
        {
          "schema_version": 0,
          "attributes": {
            "addresses": [
              "{{branch_ip}}.1/32",
              "{{branch_ip}}.25/32"
            ],
            "app_categories": [],
            "app_subcategories": [],
            "apps": [],
            "description": null,
            "dscp": null,
            "failover_policy": "revertable",
            "hostnames": [],
            "id": "afc7a136-148a-43d8-9f9a-54997d9de154",
            "max_jitter": null,
            "max_latency": null,
            "max_loss": null,
            "name": "CORE_1_25-TCP-8123",
            "org_id": "9433bc30-0867-4bab-b4af-a26c3c6aa645",
            "sle_enabled": false,
            "specs": [
              {
                "port_range": "8123-8123",
                "protocol": "tcp"
              }
            ],
            "ssr_relaxed_tcp_state_enforcement": false,
            "traffic_class": "best_effort",
            "traffic_type": "default",
            "type": "custom",
            "urls": []
          },
          "sensitive_attributes": [],
          "dependencies": [
            "mist_org.terraform_test"
          ]
        }
      ]
    },
    {
      "mode": "managed",
      "type": "mist_org_service",
      "name": "service_107",
      "provider": "provider[\"registry.terraform.io/juniper/mist\"]",
      "instances": [
        {
          "schema_version": 0,
          "attributes": {
            "addresses": [
              "{{iot_net_wired}}.192/26",
              "{{iot_net_wired}}.180/32",
              "{{iot_net_wired}}.181/32",
              "{{iot_net_wired}}.182/32",
              "{{iot_net_wired}}.183/32",
              "{{iot_net_wired}}.184/32",
              "{{iot_net_wired}}.185/32",
              "{{iot_net_wired}}.186/32",
              "{{iot_net_wired}}.187/32",
              "{{iot_net_wired}}.188/32",
              "{{iot_net_wired}}.189/32",
              "{{iot_net_wired}}.190/32",
              "{{iot_net_wired}}.191/32",
              "{{secondary_iot_wired}}.192/26",
              "{{secondary_iot_wired}}.180/32",
              "{{secondary_iot_wired}}.181/32",
              "{{secondary_iot_wired}}.182/32",
              "{{secondary_iot_wired}}.183/32",
              "{{secondary_iot_wired}}.184/32",
              "{{secondary_iot_wired}}.185/32",
              "{{secondary_iot_wired}}.186/32",
              "{{secondary_iot_wired}}.187/32",
              "{{secondary_iot_wired}}.188/32",
              "{{secondary_iot_wired}}.189/32",
              "{{secondary_iot_wired}}.190/32",
              "{{secondary_iot_wired}}.191/32"
            ],
            "app_categories": [],
            "app_subcategories": [],
            "apps": [],
            "description": null,
            "dscp": null,
            "failover_policy": "revertable",
            "hostnames": [],
            "id": "bb7b364d-9946-48b3-a335-86fc9f3ffb54",
            "max_jitter": null,
            "max_latency": null,
            "max_loss": null,
            "name": "192_168_92_192-26-TCP_22501",
            "org_id": "9433bc30-0867-4bab-b4af-a26c3c6aa645",
            "sle_enabled": false,
            "specs": [
              {
                "port_range": "22501-22501",
                "protocol": "tcp"
              }
            ],
            "ssr_relaxed_tcp_state_enforcement": false,
            "traffic_class": "best_effort",
            "traffic_type": "default",
            "type": "custom",
            "urls": []
          },
          "sensitive_attributes": [],
          "dependencies": [
            "mist_org.terraform_test"
          ]
        }
      ]
    },
    {
      "mode": "managed",
      "type": "mist_org_service",
      "name": "service_108",
      "provider": "provider[\"registry.terraform.io/juniper/mist\"]",
      "instances": [
        {
          "schema_version": 0,
          "attributes": {
            "addresses": [
              "{{iot_net_wired}}.199/32"
            ],
            "app_categories": [],
            "app_subcategories": [],
            "apps": [],
            "description": null,
            "dscp": null,
            "failover_policy": "revertable",
            "hostnames": [],
            "id": "7435d6a9-a063-43ce-a670-da93e009a00d",
            "max_jitter": null,
            "max_latency": null,
            "max_loss": null,
            "name": "192_168_92_199-TCP_8883",
            "org_id": "9433bc30-0867-4bab-b4af-a26c3c6aa645",
            "sle_enabled": false,
            "specs": [
              {
                "port_range": "8883-8883",
                "protocol": "tcp"
              }
            ],
            "ssr_relaxed_tcp_state_enforcement": false,
            "traffic_class": "best_effort",
            "traffic_type": "default",
            "type": "custom",
            "urls": []
          },
          "sensitive_attributes": [],
          "dependencies": [
            "mist_org.terraform_test"
          ]
        }
      ]
    },
    {
      "mode": "managed",
      "type": "mist_org_service",
      "name": "service_109",
      "provider": "provider[\"registry.terraform.io/juniper/mist\"]",
      "instances": [
        {
          "schema_version": 0,
          "attributes": {
            "addresses": [
              "{{iot_net_wireless}}.254/32"
            ],
            "app_categories": [],
            "app_subcategories": [],
            "apps": [],
            "description": null,
            "dscp": null,
            "failover_policy": "revertable",
            "hostnames": [],
            "id": "0a457349-c306-4eb9-af5f-3a5f7ae90f71",
            "max_jitter": null,
            "max_latency": null,
            "max_loss": null,
            "name": "192_168_94_1-UDP_53",
            "org_id": "9433bc30-0867-4bab-b4af-a26c3c6aa645",
            "sle_enabled": false,
            "specs": [
              {
                "port_range": "53-53",
                "protocol": "udp"
              }
            ],
            "ssr_relaxed_tcp_state_enforcement": false,
            "traffic_class": "best_effort",
            "traffic_type": "default",
            "type": "custom",
            "urls": []
          },
          "sensitive_attributes": [],
          "dependencies": [
            "mist_org.terraform_test"
          ]
        }
      ]
    },
    {
      "mode": "managed",
      "type": "mist_org_service",
      "name": "service_11",
      "provider": "provider[\"registry.terraform.io/juniper/mist\"]",
      "instances": [
        {
          "schema_version": 0,
          "attributes": {
            "addresses": [
              "{{iot_net_wired}}.0/26"
            ],
            "app_categories": [],
            "app_subcategories": [],
            "apps": [],
            "description": null,
            "dscp": null,
            "failover_policy": "revertable",
            "hostnames": [],
            "id": "1ef21bbd-2cdc-4732-8491-7ae880ff1d04",
            "max_jitter": null,
            "max_latency": null,
            "max_loss": null,
            "name": "192_168_92_0-24-TCP_80",
            "org_id": "9433bc30-0867-4bab-b4af-a26c3c6aa645",
            "sle_enabled": false,
            "specs": [
              {
                "port_range": "80-80",
                "protocol": "tcp"
              }
            ],
            "ssr_relaxed_tcp_state_enforcement": false,
            "traffic_class": "best_effort",
            "traffic_type": "default",
            "type": "custom",
            "urls": []
          },
          "sensitive_attributes": [],
          "dependencies": [
            "mist_org.terraform_test"
          ]
        }
      ]
    },
    {
      "mode": "managed",
      "type": "mist_org_service",
      "name": "service_110",
      "provider": "provider[\"registry.terraform.io/juniper/mist\"]",
      "instances": [
        {
          "schema_version": 0,
          "attributes": {
            "addresses": [
              "{{iot_net_wired_upper}}.0/24"
            ],
            "app_categories": [],
            "app_subcategories": [],
            "apps": [],
            "description": null,
            "dscp": null,
            "failover_policy": "revertable",
            "hostnames": [],
            "id": "3071cdc1-de9d-4aef-ade5-d67e1e9429ca",
            "max_jitter": null,
            "max_latency": null,
            "max_loss": null,
            "name": "192_168_93_0-24-TCP_502",
            "org_id": "9433bc30-0867-4bab-b4af-a26c3c6aa645",
            "sle_enabled": false,
            "specs": [
              {
                "port_range": "502-502",
                "protocol": "tcp"
              }
            ],
            "ssr_relaxed_tcp_state_enforcement": false,
            "traffic_class": "best_effort",
            "traffic_type": "default",
            "type": "custom",
            "urls": []
          },
          "sensitive_attributes": [],
          "dependencies": [
            "mist_org.terraform_test"
          ]
        }
      ]
    },
    {
      "mode": "managed",
      "type": "mist_org_service",
      "name": "service_111",
      "provider": "provider[\"registry.terraform.io/juniper/mist\"]",
      "instances": [
        {
          "schema_version": 0,
          "attributes": {
            "addresses": [
              "{{private_net}}.1/32"
            ],
            "app_categories": [],
            "app_subcategories": [],
            "apps": [],
            "description": null,
            "dscp": null,
            "failover_policy": "revertable",
            "hostnames": [],
            "id": "f5d3c0c0-1d4d-483a-9340-79125346406f",
            "max_jitter": null,
            "max_latency": null,
            "max_loss": null,
            "name": "192_168_91_1-UDP_53",
            "org_id": "9433bc30-0867-4bab-b4af-a26c3c6aa645",
            "sle_enabled": false,
            "specs": [
              {
                "port_range": "53-53",
                "protocol": "udp"
              }
            ],
            "ssr_relaxed_tcp_state_enforcement": false,
            "traffic_class": "best_effort",
            "traffic_type": "default",
            "type": "custom",
            "urls": []
          },
          "sensitive_attributes": [],
          "dependencies": [
            "mist_org.terraform_test"
          ]
        }
      ]
    },
    {
      "mode": "managed",
      "type": "mist_org_service",
      "name": "service_112",
      "provider": "provider[\"registry.terraform.io/juniper/mist\"]",
      "instances": [
        {
          "schema_version": 0,
          "attributes": {
            "addresses": [
              "{{public_net}}.0/23"
            ],
            "app_categories": [],
            "app_subcategories": [],
            "apps": [],
            "description": null,
            "dscp": null,
            "failover_policy": "revertable",
            "hostnames": [],
            "id": "32d4f1e2-b98d-42ed-88ab-f33559a4f4ed",
            "max_jitter": null,
            "max_latency": null,
            "max_loss": null,
            "name": "192_168_4_0-23-ANY",
            "org_id": "9433bc30-0867-4bab-b4af-a26c3c6aa645",
            "sle_enabled": false,
            "specs": [
              {
                "port_range": null,
                "protocol": "any"
              }
            ],
            "ssr_relaxed_tcp_state_enforcement": false,
            "traffic_class": "best_effort",
            "traffic_type": "default",
            "type": "custom",
            "urls": []
          },
          "sensitive_attributes": [],
          "dependencies": [
            "mist_org.terraform_test"
          ]
        }
      ]
    },
    {
      "mode": "managed",
      "type": "mist_org_service",
      "name": "service_113",
      "provider": "provider[\"registry.terraform.io/juniper/mist\"]",
      "instances": [
        {
          "schema_version": 0,
          "attributes": {
            "addresses": [
              "{{iot_net_wired}}.199/32"
            ],
            "app_categories": [],
            "app_subcategories": [],
            "apps": [],
            "description": null,
            "dscp": null,
            "failover_policy": "revertable",
            "hostnames": [],
            "id": "16e5ed6c-769a-44d9-89c3-ee8bbc3cfbd4",
            "max_jitter": null,
            "max_latency": null,
            "max_loss": null,
            "name": "192_168_92_199-TCP_22",
            "org_id": "9433bc30-0867-4bab-b4af-a26c3c6aa645",
            "sle_enabled": false,
            "specs": [
              {
                "port_range": "22-22",
                "protocol": "tcp"
              }
            ],
            "ssr_relaxed_tcp_state_enforcement": false,
            "traffic_class": "best_effort",
            "traffic_type": "default",
            "type": "custom",
            "urls": []
          },
          "sensitive_attributes": [],
          "dependencies": [
            "mist_org.terraform_test"
          ]
        }
      ]
    },
    {
      "mode": "managed",
      "type": "mist_org_service",
      "name": "service_114",
      "provider": "provider[\"registry.terraform.io/juniper/mist\"]",
      "instances": [
        {
          "schema_version": 0,
          "attributes": {
            "addresses": [
              "{{branch_ip}}.249/32"
            ],
            "app_categories": [],
            "app_subcategories": [],
            "apps": [],
            "description": null,
            "dscp": null,
            "failover_policy": "revertable",
            "hostnames": [],
            "id": "c6388034-a894-4d2e-b744-a6bf48c49873",
            "max_jitter": null,
            "max_latency": null,
            "max_loss": null,
            "name": "10_X_Y_249-TCP_44818",
            "org_id": "9433bc30-0867-4bab-b4af-a26c3c6aa645",
            "sle_enabled": false,
            "specs": [
              {
                "port_range": "44818-44818",
                "protocol": "tcp"
              }
            ],
            "ssr_relaxed_tcp_state_enforcement": false,
            "traffic_class": "best_effort",
            "traffic_type": "default",
            "type": "custom",
            "urls": []
          },
          "sensitive_attributes": [],
          "dependencies": [
            "mist_org.terraform_test"
          ]
        }
      ]
    },
    {
      "mode": "managed",
      "type": "mist_org_service",
      "name": "service_115",
      "provider": "provider[\"registry.terraform.io/juniper/mist\"]",
      "instances": [
        {
          "schema_version": 0,
          "attributes": {
            "addresses": [
              "{{iot_net_wired}}.169/32"
            ],
            "app_categories": [],
            "app_subcategories": [],
            "apps": [],
            "description": null,
            "dscp": null,
            "failover_policy": "revertable",
            "hostnames": [],
            "id": "833e039f-6b79-4d94-9f3a-e1230cd42993",
            "max_jitter": null,
            "max_latency": null,
            "max_loss": null,
            "name": "192_168_92_169-TCP_80",
            "org_id": "9433bc30-0867-4bab-b4af-a26c3c6aa645",
            "sle_enabled": false,
            "specs": [
              {
                "port_range": "80-80",
                "protocol": "tcp"
              }
            ],
            "ssr_relaxed_tcp_state_enforcement": false,
            "traffic_class": "best_effort",
            "traffic_type": "default",
            "type": "custom",
            "urls": []
          },
          "sensitive_attributes": [],
          "dependencies": [
            "mist_org.terraform_test"
          ]
        }
      ]
    },
    {
      "mode": "managed",
      "type": "mist_org_service",
      "name": "service_116",
      "provider": "provider[\"registry.terraform.io/juniper/mist\"]",
      "instances": [
        {
          "schema_version": 0,
          "attributes": {
            "addresses": [
              "{{VLAN410}}.0/25",
              "{{VLAN420}}.128/27",
              "{{VLAN430}}.160/27",
              "{{VLAN440}}.192/27",
              "{{VLAN490}}.128/26"
            ],
            "app_categories": [],
            "app_subcategories": [],
            "apps": [],
            "description": null,
            "dscp": null,
            "failover_policy": "revertable",
            "hostnames": [],
            "id": "a0aec940-91f8-4ef6-9566-c57d678c571b",
            "max_jitter": null,
            "max_latency": null,
            "max_loss": null,
            "name": "ICMP_VLAN410to490",
            "org_id": "9433bc30-0867-4bab-b4af-a26c3c6aa645",
            "sle_enabled": false,
            "specs": [
              {
                "port_range": null,
                "protocol": "icmp"
              }
            ],
            "ssr_relaxed_tcp_state_enforcement": false,
            "traffic_class": "best_effort",
            "traffic_type": "default",
            "type": "custom",
            "urls": []
          },
          "sensitive_attributes": [],
          "dependencies": [
            "mist_org.terraform_test"
          ]
        }
      ]
    },
    {
      "mode": "managed",
      "type": "mist_org_service",
      "name": "service_117",
      "provider": "provider[\"registry.terraform.io/juniper/mist\"]",
      "instances": [
        {
          "schema_version": 0,
          "attributes": {
            "addresses": [
              "{{branch_ip}}.25/32"
            ],
            "app_categories": [],
            "app_subcategories": [],
            "apps": [],
            "description": null,
            "dscp": null,
            "failover_policy": "revertable",
            "hostnames": [],
            "id": "4e53c63f-9471-4bc2-8103-1f8113f72fb8",
            "max_jitter": null,
            "max_latency": null,
            "max_loss": null,
            "name": "10_X_Y_25-TCP_5172",
            "org_id": "9433bc30-0867-4bab-b4af-a26c3c6aa645",
            "sle_enabled": false,
            "specs": [
              {
                "port_range": "5172-5172",
                "protocol": "tcp"
              }
            ],
            "ssr_relaxed_tcp_state_enforcement": false,
            "traffic_class": "best_effort",
            "traffic_type": "default",
            "type": "custom",
            "urls": []
          },
          "sensitive_attributes": [],
          "dependencies": [
            "mist_org.terraform_test"
          ]
        }
      ]
    },
    {
      "mode": "managed",
      "type": "mist_org_service",
      "name": "service_118",
      "provider": "provider[\"registry.terraform.io/juniper/mist\"]",
      "instances": [
        {
          "schema_version": 0,
          "attributes": {
            "addresses": [
              "{{iot_net_wired}}.165/32"
            ],
            "app_categories": [],
            "app_subcategories": [],
            "apps": [],
            "description": null,
            "dscp": null,
            "failover_policy": "revertable",
            "hostnames": [],
            "id": "b297baac-3324-43e8-b4b2-cc579ff50875",
            "max_jitter": null,
            "max_latency": null,
            "max_loss": null,
            "name": "192_168_92_165-TCP_80",
            "org_id": "9433bc30-0867-4bab-b4af-a26c3c6aa645",
            "sle_enabled": false,
            "specs": [
              {
                "port_range": "80-80",
                "protocol": "tcp"
              }
            ],
            "ssr_relaxed_tcp_state_enforcement": false,
            "traffic_class": "best_effort",
            "traffic_type": "default",
            "type": "custom",
            "urls": []
          },
          "sensitive_attributes": [],
          "dependencies": [
            "mist_org.terraform_test"
          ]
        }
      ]
    },
    {
      "mode": "managed",
      "type": "mist_org_service",
      "name": "service_119",
      "provider": "provider[\"registry.terraform.io/juniper/mist\"]",
      "instances": [
        {
          "schema_version": 0,
          "attributes": {
            "addresses": [
              "{{iot_net_wired}}.0/24"
            ],
            "app_categories": [],
            "app_subcategories": [],
            "apps": [],
            "description": null,
            "dscp": null,
            "failover_policy": "revertable",
            "hostnames": [],
            "id": "3ad4264d-92e7-42ef-9c85-e13def0f0bfd",
            "max_jitter": null,
            "max_latency": null,
            "max_loss": null,
            "name": "192_168_92_0-24-TCP_23",
            "org_id": "9433bc30-0867-4bab-b4af-a26c3c6aa645",
            "sle_enabled": false,
            "specs": [
              {
                "port_range": "23-23",
                "protocol": "tcp"
              }
            ],
            "ssr_relaxed_tcp_state_enforcement": false,
            "traffic_class": "best_effort",
            "traffic_type": "default",
            "type": "custom",
            "urls": []
          },
          "sensitive_attributes": [],
          "dependencies": [
            "mist_org.terraform_test"
          ]
        }
      ]
    },
    {
      "mode": "managed",
      "type": "mist_org_service",
      "name": "service_12",
      "provider": "provider[\"registry.terraform.io/juniper/mist\"]",
      "instances": [
        {
          "schema_version": 0,
          "attributes": {
            "addresses": [
              "{{iot_net_wired_upper}}.0/24"
            ],
            "app_categories": [],
            "app_subcategories": [],
            "apps": [],
            "description": null,
            "dscp": null,
            "failover_policy": "revertable",
            "hostnames": [],
            "id": "36056bf2-2b5c-4952-a918-24f5d334bd31",
            "max_jitter": null,
            "max_latency": null,
            "max_loss": null,
            "name": "192_168_93_0-24-TCP_8883",
            "org_id": "9433bc30-0867-4bab-b4af-a26c3c6aa645",
            "sle_enabled": false,
            "specs": [
              {
                "port_range": "8883-8883",
                "protocol": "tcp"
              }
            ],
            "ssr_relaxed_tcp_state_enforcement": false,
            "traffic_class": "best_effort",
            "traffic_type": "default",
            "type": "custom",
            "urls": []
          },
          "sensitive_attributes": [],
          "dependencies": [
            "mist_org.terraform_test"
          ]
        }
      ]
    },
    {
      "mode": "managed",
      "type": "mist_org_service",
      "name": "service_120",
      "provider": "provider[\"registry.terraform.io/juniper/mist\"]",
      "instances": [
        {
          "schema_version": 0,
          "attributes": {
            "addresses": [
              "{{iot_net_wired}}.160/32"
            ],
            "app_categories": [],
            "app_subcategories": [],
            "apps": [],
            "description": null,
            "dscp": null,
            "failover_policy": "revertable",
            "hostnames": [],
            "id": "dc7594f7-f78a-44d4-81b0-34a68b77d4c3",
            "max_jitter": null,
            "max_latency": null,
            "max_loss": null,
            "name": "192_168_92_160-TCP_80",
            "org_id": "9433bc30-0867-4bab-b4af-a26c3c6aa645",
            "sle_enabled": false,
            "specs": [
              {
                "port_range": "80-80",
                "protocol": "tcp"
              }
            ],
            "ssr_relaxed_tcp_state_enforcement": false,
            "traffic_class": "best_effort",
            "traffic_type": "default",
            "type": "custom",
            "urls": []
          },
          "sensitive_attributes": [],
          "dependencies": [
            "mist_org.terraform_test"
          ]
        }
      ]
    },
    {
      "mode": "managed",
      "type": "mist_org_service",
      "name": "service_121",
      "provider": "provider[\"registry.terraform.io/juniper/mist\"]",
      "instances": [
        {
          "schema_version": 0,
          "attributes": {
            "addresses": [
              "{{iot_net_wireless}}.254/32"
            ],
            "app_categories": [],
            "app_subcategories": [],
            "apps": [],
            "description": null,
            "dscp": null,
            "failover_policy": "revertable",
            "hostnames": [],
            "id": "799bdb33-a38c-405e-90ce-a1b73bee4d66",
            "max_jitter": null,
            "max_latency": null,
            "max_loss": null,
            "name": "192_168_94_1-UDP_123",
            "org_id": "9433bc30-0867-4bab-b4af-a26c3c6aa645",
            "sle_enabled": false,
            "specs": [
              {
                "port_range": "123-123",
                "protocol": "udp"
              }
            ],
            "ssr_relaxed_tcp_state_enforcement": false,
            "traffic_class": "best_effort",
            "traffic_type": "default",
            "type": "custom",
            "urls": []
          },
          "sensitive_attributes": [],
          "dependencies": [
            "mist_org.terraform_test"
          ]
        }
      ]
    },
    {
      "mode": "managed",
      "type": "mist_org_service",
      "name": "service_122",
      "provider": "provider[\"registry.terraform.io/juniper/mist\"]",
      "instances": [
        {
          "schema_version": 0,
          "attributes": {
            "addresses": [
              "{{iot_net_wired}}.200/32"
            ],
            "app_categories": [],
            "app_subcategories": [],
            "apps": [],
            "description": null,
            "dscp": null,
            "failover_policy": "revertable",
            "hostnames": [],
            "id": "d2644007-6d19-49d5-a177-9524966be111",
            "max_jitter": null,
            "max_latency": null,
            "max_loss": null,
            "name": "192_168_92_200-TCP_8883",
            "org_id": "9433bc30-0867-4bab-b4af-a26c3c6aa645",
            "sle_enabled": false,
            "specs": [
              {
                "port_range": "8883-8883",
                "protocol": "tcp"
              }
            ],
            "ssr_relaxed_tcp_state_enforcement": false,
            "traffic_class": "best_effort",
            "traffic_type": "default",
            "type": "custom",
            "urls": []
          },
          "sensitive_attributes": [],
          "dependencies": [
            "mist_org.terraform_test"
          ]
        }
      ]
    },
    {
      "mode": "managed",
      "type": "mist_org_service",
      "name": "service_123",
      "provider": "provider[\"registry.terraform.io/juniper/mist\"]",
      "instances": [
        {
          "schema_version": 0,
          "attributes": {
            "addresses": [
              "{{iot_net_wired}}.54/32"
            ],
            "app_categories": [],
            "app_subcategories": [],
            "apps": [],
            "description": null,
            "dscp": null,
            "failover_policy": "revertable",
            "hostnames": [],
            "id": "c50fb1cc-0f0f-471e-9495-a61f778fed65",
            "max_jitter": null,
            "max_latency": null,
            "max_loss": null,
            "name": "192_168_92_54-TCP_44818",
            "org_id": "9433bc30-0867-4bab-b4af-a26c3c6aa645",
            "sle_enabled": false,
            "specs": [
              {
                "port_range": "44818-44818",
                "protocol": "tcp"
              }
            ],
            "ssr_relaxed_tcp_state_enforcement": false,
            "traffic_class": "best_effort",
            "traffic_type": "default",
            "type": "custom",
            "urls": []
          },
          "sensitive_attributes": [],
          "dependencies": [
            "mist_org.terraform_test"
          ]
        }
      ]
    },
    {
      "mode": "managed",
      "type": "mist_org_service",
      "name": "service_124",
      "provider": "provider[\"registry.terraform.io/juniper/mist\"]",
      "instances": [
        {
          "schema_version": 0,
          "attributes": {
            "addresses": [
              "{{branch_ip}}.17/32"
            ],
            "app_categories": [],
            "app_subcategories": [],
            "apps": [],
            "description": null,
            "dscp": null,
            "failover_policy": "revertable",
            "hostnames": [],
            "id": "4f0ce0cf-d14e-431c-9e6c-83ad287e2fc5",
            "max_jitter": null,
            "max_latency": null,
            "max_loss": null,
            "name": "10_X_Y_17-TCP_5173",
            "org_id": "9433bc30-0867-4bab-b4af-a26c3c6aa645",
            "sle_enabled": false,
            "specs": [
              {
                "port_range": "5173-5173",
                "protocol": "tcp"
              }
            ],
            "ssr_relaxed_tcp_state_enforcement": false,
            "traffic_class": "best_effort",
            "traffic_type": "default",
            "type": "custom",
            "urls": []
          },
          "sensitive_attributes": [],
          "dependencies": [
            "mist_org.terraform_test"
          ]
        }
      ]
    },
    {
      "mode": "managed",
      "type": "mist_org_service",
      "name": "service_125",
      "provider": "provider[\"registry.terraform.io/juniper/mist\"]",
      "instances": [
        {
          "schema_version": 0,
          "attributes": {
            "addresses": [
              "{{branch_ip}}.160/27"
            ],
            "app_categories": [],
            "app_subcategories": [],
            "apps": [],
            "description": null,
            "dscp": null,
            "failover_policy": "revertable",
            "hostnames": [],
            "id": "86abd79c-6ef5-4268-a0c7-bffcc9e0f004",
            "max_jitter": null,
            "max_latency": null,
            "max_loss": null,
            "name": "10_X_Y_160-27-ICMP",
            "org_id": "9433bc30-0867-4bab-b4af-a26c3c6aa645",
            "sle_enabled": false,
            "specs": [
              {
                "port_range": null,
                "protocol": "icmp"
              }
            ],
            "ssr_relaxed_tcp_state_enforcement": false,
            "traffic_class": "best_effort",
            "traffic_type": "default",
            "type": "custom",
            "urls": []
          },
          "sensitive_attributes": [],
          "dependencies": [
            "mist_org.terraform_test"
          ]
        }
      ]
    },
    {
      "mode": "managed",
      "type": "mist_org_service",
      "name": "service_126",
      "provider": "provider[\"registry.terraform.io/juniper/mist\"]",
      "instances": [
        {
          "schema_version": 0,
          "attributes": {
            "addresses": [
              "{{branch_ip}}.161/32"
            ],
            "app_categories": [],
            "app_subcategories": [],
            "apps": [],
            "description": null,
            "dscp": null,
            "failover_policy": "revertable",
            "hostnames": [],
            "id": "43ad3a81-198a-4a46-9ea9-bfadb6780645",
            "max_jitter": null,
            "max_latency": null,
            "max_loss": null,
            "name": "10_X_Y_161-UDP_123",
            "org_id": "9433bc30-0867-4bab-b4af-a26c3c6aa645",
            "sle_enabled": false,
            "specs": [
              {
                "port_range": "123-123",
                "protocol": "udp"
              }
            ],
            "ssr_relaxed_tcp_state_enforcement": false,
            "traffic_class": "best_effort",
            "traffic_type": "default",
            "type": "custom",
            "urls": []
          },
          "sensitive_attributes": [],
          "dependencies": [
            "mist_org.terraform_test"
          ]
        }
      ]
    },
    {
      "mode": "managed",
      "type": "mist_org_service",
      "name": "service_127",
      "provider": "provider[\"registry.terraform.io/juniper/mist\"]",
      "instances": [
        {
          "schema_version": 0,
          "attributes": {
            "addresses": [
              "{{branch_ip}}.169/32"
            ],
            "app_categories": [],
            "app_subcategories": [],
            "apps": [],
            "description": null,
            "dscp": null,
            "failover_policy": "revertable",
            "hostnames": [],
            "id": "8b0809b4-12fd-406d-b23d-e4cc2716bb0a",
            "max_jitter": null,
            "max_latency": null,
            "max_loss": null,
            "name": "10_X_Y_169-TCP_225",
            "org_id": "9433bc30-0867-4bab-b4af-a26c3c6aa645",
            "sle_enabled": false,
            "specs": [
              {
                "port_range": "225-225",
                "protocol": "tcp"
              }
            ],
            "ssr_relaxed_tcp_state_enforcement": false,
            "traffic_class": "best_effort",
            "traffic_type": "default",
            "type": "custom",
            "urls": []
          },
          "sensitive_attributes": [],
          "dependencies": [
            "mist_org.terraform_test"
          ]
        }
      ]
    },
    {
      "mode": "managed",
      "type": "mist_org_service",
      "name": "service_128",
      "provider": "provider[\"registry.terraform.io/juniper/mist\"]",
      "instances": [
        {
          "schema_version": 0,
          "attributes": {
            "addresses": [
              "0.0.0.0/0"
            ],
            "app_categories": [],
            "app_subcategories": [],
            "apps": [],
            "description": null,
            "dscp": null,
            "failover_policy": "revertable",
            "hostnames": [],
            "id": "23c6708e-d39c-47dd-ad02-576e09b4b238",
            "max_jitter": null,
            "max_latency": null,
            "max_loss": null,
            "name": "ANY-UDP_123",
            "org_id": "9433bc30-0867-4bab-b4af-a26c3c6aa645",
            "sle_enabled": false,
            "specs": [
              {
                "port_range": "123-123",
                "protocol": "udp"
              }
            ],
            "ssr_relaxed_tcp_state_enforcement": false,
            "traffic_class": "best_effort",
            "traffic_type": "default",
            "type": "custom",
            "urls": []
          },
          "sensitive_attributes": [],
          "dependencies": [
            "mist_org.terraform_test"
          ]
        }
      ]
    },
    {
      "mode": "managed",
      "type": "mist_org_service",
      "name": "service_129",
      "provider": "provider[\"registry.terraform.io/juniper/mist\"]",
      "instances": [
        {
          "schema_version": 0,
          "attributes": {
            "addresses": [
              "{{branch_ip}}.18/32"
            ],
            "app_categories": [],
            "app_subcategories": [],
            "apps": [],
            "description": null,
            "dscp": null,
            "failover_policy": "revertable",
            "hostnames": [],
            "id": "4dceae0a-a640-4b28-b033-da51f319a314",
            "max_jitter": null,
            "max_latency": null,
            "max_loss": null,
            "name": "10_X_Y_18-TCP_5173",
            "org_id": "9433bc30-0867-4bab-b4af-a26c3c6aa645",
            "sle_enabled": false,
            "specs": [
              {
                "port_range": "5173-5173",
                "protocol": "tcp"
              }
            ],
            "ssr_relaxed_tcp_state_enforcement": false,
            "traffic_class": "best_effort",
            "traffic_type": "default",
            "type": "custom",
            "urls": []
          },
          "sensitive_attributes": [],
          "dependencies": [
            "mist_org.terraform_test"
          ]
        }
      ]
    },
    {
      "mode": "managed",
      "type": "mist_org_service",
      "name": "service_13",
      "provider": "provider[\"registry.terraform.io/juniper/mist\"]",
      "instances": [
        {
          "schema_version": 0,
          "attributes": {
            "addresses": [
              "{{iot_net_wired_upper}}.0/24"
            ],
            "app_categories": [],
            "app_subcategories": [],
            "apps": [],
            "description": null,
            "dscp": null,
            "failover_policy": "revertable",
            "hostnames": [],
            "id": "5a8c5b1d-af67-42ce-b0a3-f934ba43f26d",
            "max_jitter": null,
            "max_latency": null,
            "max_loss": null,
            "name": "192_168_93_0-24-UDP_2222",
            "org_id": "9433bc30-0867-4bab-b4af-a26c3c6aa645",
            "sle_enabled": false,
            "specs": [
              {
                "port_range": "2222-2222",
                "protocol": "udp"
              }
            ],
            "ssr_relaxed_tcp_state_enforcement": false,
            "traffic_class": "best_effort",
            "traffic_type": "default",
            "type": "custom",
            "urls": []
          },
          "sensitive_attributes": [],
          "dependencies": [
            "mist_org.terraform_test"
          ]
        }
      ]
    },
    {
      "mode": "managed",
      "type": "mist_org_service",
      "name": "service_130",
      "provider": "provider[\"registry.terraform.io/juniper/mist\"]",
      "instances": [
        {
          "schema_version": 0,
          "attributes": {
            "addresses": [
              "{{iot_net_wired}}.168/32"
            ],
            "app_categories": [],
            "app_subcategories": [],
            "apps": [],
            "description": null,
            "dscp": null,
            "failover_policy": "revertable",
            "hostnames": [],
            "id": "a2b6194e-749f-4426-bf6a-cd53a10f0d12",
            "max_jitter": null,
            "max_latency": null,
            "max_loss": null,
            "name": "192_168_92_168-TCP_10002",
            "org_id": "9433bc30-0867-4bab-b4af-a26c3c6aa645",
            "sle_enabled": false,
            "specs": [
              {
                "port_range": "10002-10002",
                "protocol": "tcp"
              }
            ],
            "ssr_relaxed_tcp_state_enforcement": false,
            "traffic_class": "best_effort",
            "traffic_type": "default",
            "type": "custom",
            "urls": []
          },
          "sensitive_attributes": [],
          "dependencies": [
            "mist_org.terraform_test"
          ]
        }
      ]
    },
    {
      "mode": "managed",
      "type": "mist_org_service",
      "name": "service_131",
      "provider": "provider[\"registry.terraform.io/juniper/mist\"]",
      "instances": [
        {
          "schema_version": 0,
          "attributes": {
            "addresses": [
              "10.0.0.0/8"
            ],
            "app_categories": [],
            "app_subcategories": [],
            "apps": [],
            "description": null,
            "dscp": null,
            "failover_policy": "revertable",
            "hostnames": [],
            "id": "4cbb6656-4cbf-4fe0-92e3-c5444eb137b0",
            "max_jitter": null,
            "max_latency": null,
            "max_loss": null,
            "name": "10_0_0_0-8-ANY",
            "org_id": "9433bc30-0867-4bab-b4af-a26c3c6aa645",
            "sle_enabled": false,
            "specs": [
              {
                "port_range": null,
                "protocol": "any"
              }
            ],
            "ssr_relaxed_tcp_state_enforcement": false,
            "traffic_class": "best_effort",
            "traffic_type": "default",
            "type": "custom",
            "urls": []
          },
          "sensitive_attributes": [],
          "dependencies": [
            "mist_org.terraform_test"
          ]
        }
      ]
    },
    {
      "mode": "managed",
      "type": "mist_org_service",
      "name": "service_132",
      "provider": "provider[\"registry.terraform.io/juniper/mist\"]",
      "instances": [
        {
          "schema_version": 0,
          "attributes": {
            "addresses": [
              "{{iot_net_wired}}.168/32",
              "{{secondary_iot_wired}}.168/32"
            ],
            "app_categories": [],
            "app_subcategories": [],
            "apps": [],
            "description": null,
            "dscp": null,
            "failover_policy": "revertable",
            "hostnames": [],
            "id": "98b05109-54e3-4bbf-aa2d-e685a37f4f67",
            "max_jitter": null,
            "max_latency": null,
            "max_loss": null,
            "name": "192_168_92_168-TCP_1883",
            "org_id": "9433bc30-0867-4bab-b4af-a26c3c6aa645",
            "sle_enabled": false,
            "specs": [
              {
                "port_range": "1883-1883",
                "protocol": "tcp"
              }
            ],
            "ssr_relaxed_tcp_state_enforcement": false,
            "traffic_class": "best_effort",
            "traffic_type": "default",
            "type": "custom",
            "urls": []
          },
          "sensitive_attributes": [],
          "dependencies": [
            "mist_org.terraform_test"
          ]
        }
      ]
    },
    {
      "mode": "managed",
      "type": "mist_org_service",
      "name": "service_133",
      "provider": "provider[\"registry.terraform.io/juniper/mist\"]",
      "instances": [
        {
          "schema_version": 0,
          "attributes": {
            "addresses": [
              "10.118.25.101/32"
            ],
            "app_categories": [],
            "app_subcategories": [],
            "apps": [],
            "description": "TEMPORARY - FOR CAPLAB ONLY",
            "dscp": null,
            "failover_policy": "revertable",
            "hostnames": [],
            "id": "3d73dc0d-833a-4b44-a246-144c9a67b574",
            "max_jitter": null,
            "max_latency": null,
            "max_loss": null,
            "name": "CAPLAB-10_118_25_101-ANY",
            "org_id": "9433bc30-0867-4bab-b4af-a26c3c6aa645",
            "sle_enabled": false,
            "specs": [
              {
                "port_range": null,
                "protocol": "any"
              }
            ],
            "ssr_relaxed_tcp_state_enforcement": false,
            "traffic_class": "best_effort",
            "traffic_type": "default",
            "type": "custom",
            "urls": []
          },
          "sensitive_attributes": [],
          "dependencies": [
            "mist_org.terraform_test"
          ]
        }
      ]
    },
    {
      "mode": "managed",
      "type": "mist_org_service",
      "name": "service_134",
      "provider": "provider[\"registry.terraform.io/juniper/mist\"]",
      "instances": [
        {
          "schema_version": 0,
          "attributes": {
            "addresses": [
              "0.0.0.0/0"
            ],
            "app_categories": [],
            "app_subcategories": [],
            "apps": [],
            "description": null,
            "dscp": null,
            "failover_policy": "revertable",
            "hostnames": [],
            "id": "fabfd9f2-5686-41a7-83d6-670d9798091b",
            "max_jitter": null,
            "max_latency": null,
            "max_loss": null,
            "name": "ICMP_ANY",
            "org_id": "9433bc30-0867-4bab-b4af-a26c3c6aa645",
            "sle_enabled": false,
            "specs": [
              {
                "port_range": null,
                "protocol": "icmp"
              }
            ],
            "ssr_relaxed_tcp_state_enforcement": false,
            "traffic_class": "best_effort",
            "traffic_type": "default",
            "type": "custom",
            "urls": []
          },
          "sensitive_attributes": [],
          "dependencies": [
            "mist_org.terraform_test"
          ]
        }
      ]
    },
    {
      "mode": "managed",
      "type": "mist_org_service",
      "name": "service_135",
      "provider": "provider[\"registry.terraform.io/juniper/mist\"]",
      "instances": [
        {
          "schema_version": 0,
          "attributes": {
            "addresses": [],
            "app_categories": [],
            "app_subcategories": [],
            "apps": [],
            "description": null,
            "dscp": null,
            "failover_policy": "revertable",
            "hostnames": [
              "github.com"
            ],
            "id": "a2232353-d201-4dfc-8dde-4ba6a24f1d84",
            "max_jitter": null,
            "max_latency": null,
            "max_loss": null,
            "name": "GitHub_TCP_80_443",
            "org_id": "9433bc30-0867-4bab-b4af-a26c3c6aa645",
            "sle_enabled": false,
            "specs": [
              {
                "port_range": "80-80",
                "protocol": "tcp"
              },
              {
                "port_range": "443-443",
                "protocol": "tcp"
              }
            ],
            "ssr_relaxed_tcp_state_enforcement": false,
            "traffic_class": "best_effort",
            "traffic_type": "default",
            "type": "custom",
            "urls": []
          },
          "sensitive_attributes": [],
          "dependencies": [
            "mist_org.terraform_test"
          ]
        }
      ]
    },
    {
      "mode": "managed",
      "type": "mist_org_service",
      "name": "service_136",
      "provider": "provider[\"registry.terraform.io/juniper/mist\"]",
      "instances": [
        {
          "schema_version": 0,
          "attributes": {
            "addresses": [
              "{{iot_net_wired}}.199/32",
              "{{secondary_iot_wired}}.199/32"
            ],
            "app_categories": [],
            "app_subcategories": [],
            "apps": [],
            "description": null,
            "dscp": null,
            "failover_policy": "revertable",
            "hostnames": [],
            "id": "4886f86d-9ea4-410f-91d4-6d45323ff1d3",
            "max_jitter": null,
            "max_latency": null,
            "max_loss": null,
            "name": "192_168_92_199-TCP_1883",
            "org_id": "9433bc30-0867-4bab-b4af-a26c3c6aa645",
            "sle_enabled": false,
            "specs": [
              {
                "port_range": "1883-1883",
                "protocol": "tcp"
              }
            ],
            "ssr_relaxed_tcp_state_enforcement": false,
            "traffic_class": "best_effort",
            "traffic_type": "default",
            "type": "custom",
            "urls": []
          },
          "sensitive_attributes": [],
          "dependencies": [
            "mist_org.terraform_test"
          ]
        }
      ]
    },
    {
      "mode": "managed",
      "type": "mist_org_service",
      "name": "service_137",
      "provider": "provider[\"registry.terraform.io/juniper/mist\"]",
      "instances": [
        {
          "schema_version": 0,
          "attributes": {
            "addresses": [
              "{{branch_ip}}.17/32",
              "{{branch_ip}}.18/32",
              "{{branch_ip}}.25/32"
            ],
            "app_categories": [],
            "app_subcategories": [],
            "apps": [],
            "description": null,
            "dscp": null,
            "failover_policy": "revertable",
            "hostnames": [],
            "id": "872fef7b-3c59-4b7a-9342-8b20a248cc67",
            "max_jitter": null,
            "max_latency": null,
            "max_loss": null,
            "name": "CORE-TCP-5172",
            "org_id": "9433bc30-0867-4bab-b4af-a26c3c6aa645",
            "sle_enabled": false,
            "specs": [
              {
                "port_range": "5172-5172",
                "protocol": "tcp"
              }
            ],
            "ssr_relaxed_tcp_state_enforcement": false,
            "traffic_class": "best_effort",
            "traffic_type": "default",
            "type": "custom",
            "urls": []
          },
          "sensitive_attributes": [],
          "dependencies": [
            "mist_org.terraform_test"
          ]
        }
      ]
    },
    {
      "mode": "managed",
      "type": "mist_org_service",
      "name": "service_138",
      "provider": "provider[\"registry.terraform.io/juniper/mist\"]",
      "instances": [
        {
          "schema_version": 0,
          "attributes": {
            "addresses": [
              "{{iot_net_wired}}.0/24",
              "{{secondary_iot_wired}}.0/24"
            ],
            "app_categories": [],
            "app_subcategories": [],
            "apps": [],
            "description": null,
            "dscp": null,
            "failover_policy": "revertable",
            "hostnames": [],
            "id": "3f557b39-4069-473b-a93d-9c48abdc67d9",
            "max_jitter": null,
            "max_latency": null,
            "max_loss": null,
            "name": "192_168_92_0-24-TCP_1883",
            "org_id": "9433bc30-0867-4bab-b4af-a26c3c6aa645",
            "sle_enabled": false,
            "specs": [
              {
                "port_range": "1883-1883",
                "protocol": "tcp"
              }
            ],
            "ssr_relaxed_tcp_state_enforcement": false,
            "traffic_class": "best_effort",
            "traffic_type": "default",
            "type": "custom",
            "urls": []
          },
          "sensitive_attributes": [],
          "dependencies": [
            "mist_org.terraform_test"
          ]
        }
      ]
    },
    {
      "mode": "managed",
      "type": "mist_org_service",
      "name": "service_139",
      "provider": "provider[\"registry.terraform.io/juniper/mist\"]",
      "instances": [
        {
          "schema_version": 0,
          "attributes": {
            "addresses": [
              "208.67.220.220/32",
              "208.67.222.222/32",
              "8.8.8.8/32",
              "1.1.1.1/32"
            ],
            "app_categories": [],
            "app_subcategories": [],
            "apps": [],
            "description": null,
            "dscp": null,
            "failover_policy": "revertable",
            "hostnames": [],
            "id": "3230fc42-00dd-4c8d-bd65-998ccdcaad0d",
            "max_jitter": null,
            "max_latency": null,
            "max_loss": null,
            "name": "MANAGEMENT_VLAN430_DNS",
            "org_id": "9433bc30-0867-4bab-b4af-a26c3c6aa645",
            "sle_enabled": false,
            "specs": [
              {
                "port_range": "53-53",
                "protocol": "tcp"
              },
              {
                "port_range": "53-53",
                "protocol": "udp"
              }
            ],
            "ssr_relaxed_tcp_state_enforcement": false,
            "traffic_class": "best_effort",
            "traffic_type": "default",
            "type": "custom",
            "urls": []
          },
          "sensitive_attributes": [],
          "dependencies": [
            "mist_org.terraform_test"
          ]
        }
      ]
    },
    {
      "mode": "managed",
      "type": "mist_org_service",
      "name": "service_14",
      "provider": "provider[\"registry.terraform.io/juniper/mist\"]",
      "instances": [
        {
          "schema_version": 0,
          "attributes": {
            "addresses": [
              "{{iot_net_wired_upper}}.0/24"
            ],
            "app_categories": [],
            "app_subcategories": [],
            "apps": [],
            "description": null,
            "dscp": null,
            "failover_policy": "revertable",
            "hostnames": [],
            "id": "ecc5852a-ad50-4e5b-adb2-749249e4cce4",
            "max_jitter": null,
            "max_latency": null,
            "max_loss": null,
            "name": "192_168_93_0-24-TCP_443",
            "org_id": "9433bc30-0867-4bab-b4af-a26c3c6aa645",
            "sle_enabled": false,
            "specs": [
              {
                "port_range": "443-443",
                "protocol": "tcp"
              }
            ],
            "ssr_relaxed_tcp_state_enforcement": false,
            "traffic_class": "best_effort",
            "traffic_type": "default",
            "type": "custom",
            "urls": []
          },
          "sensitive_attributes": [],
          "dependencies": [
            "mist_org.terraform_test"
          ]
        }
      ]
    },
    {
      "mode": "managed",
      "type": "mist_org_service",
      "name": "service_140",
      "provider": "provider[\"registry.terraform.io/juniper/mist\"]",
      "instances": [
        {
          "schema_version": 0,
          "attributes": {
            "addresses": [
              "{{iot_net_wired}}.200/32",
              "{{secondary_iot_wired}}.200/32"
            ],
            "app_categories": [],
            "app_subcategories": [],
            "apps": [],
            "description": null,
            "dscp": null,
            "failover_policy": "revertable",
            "hostnames": [],
            "id": "ab4dbc76-1e5e-48cb-97e4-20ce88527d17",
            "max_jitter": null,
            "max_latency": null,
            "max_loss": null,
            "name": "192_168_92_200-TCP_1883",
            "org_id": "9433bc30-0867-4bab-b4af-a26c3c6aa645",
            "sle_enabled": false,
            "specs": [
              {
                "port_range": "1883-1883",
                "protocol": "tcp"
              }
            ],
            "ssr_relaxed_tcp_state_enforcement": false,
            "traffic_class": "best_effort",
            "traffic_type": "default",
            "type": "custom",
            "urls": []
          },
          "sensitive_attributes": [],
          "dependencies": [
            "mist_org.terraform_test"
          ]
        }
      ]
    },
    {
      "mode": "managed",
      "type": "mist_org_service",
      "name": "service_141",
      "provider": "provider[\"registry.terraform.io/juniper/mist\"]",
      "instances": [
        {
          "schema_version": 0,
          "attributes": {
            "addresses": [
              "{{iot_net_wired}}.160/32",
              "{{iot_net_wired}}.165/32",
              "{{iot_net_wired}}.166/32",
              "{{iot_net_wired}}.169/32"
            ],
            "app_categories": [],
            "app_subcategories": [],
            "apps": [],
            "description": null,
            "dscp": null,
            "failover_policy": "revertable",
            "hostnames": [],
            "id": "8b4f4998-141c-46df-8070-dfbaffd975f5",
            "max_jitter": null,
            "max_latency": null,
            "max_loss": null,
            "name": "Gr_92-160_165_166_169-TCP_80",
            "org_id": "9433bc30-0867-4bab-b4af-a26c3c6aa645",
            "sle_enabled": false,
            "specs": [
              {
                "port_range": "80-80",
                "protocol": "tcp"
              }
            ],
            "ssr_relaxed_tcp_state_enforcement": false,
            "traffic_class": "best_effort",
            "traffic_type": "default",
            "type": "custom",
            "urls": []
          },
          "sensitive_attributes": [],
          "dependencies": [
            "mist_org.terraform_test"
          ]
        }
      ]
    },
    {
      "mode": "managed",
      "type": "mist_org_service",
      "name": "service_142",
      "provider": "provider[\"registry.terraform.io/juniper/mist\"]",
      "instances": [
        {
          "schema_version": 0,
          "attributes": {
            "addresses": [
              "40.122.111.34/32",
              "40.91.202.159/32"
            ],
            "app_categories": [],
            "app_subcategories": [],
            "apps": [],
            "description": null,
            "dscp": null,
            "failover_policy": "revertable",
            "hostnames": [
              "gas.mcd.com"
            ],
            "id": "494d3dea-78b1-4c19-8fd8-f8adeba729e5",
            "max_jitter": null,
            "max_latency": null,
            "max_loss": null,
            "name": "GAS_MCD_HTTP_HTTPS",
            "org_id": "9433bc30-0867-4bab-b4af-a26c3c6aa645",
            "sle_enabled": false,
            "specs": [
              {
                "port_range": "80-80",
                "protocol": "tcp"
              },
              {
                "port_range": "443-443",
                "protocol": "tcp"
              }
            ],
            "ssr_relaxed_tcp_state_enforcement": false,
            "traffic_class": "best_effort",
            "traffic_type": "default",
            "type": "custom",
            "urls": []
          },
          "sensitive_attributes": [],
          "dependencies": [
            "mist_org.terraform_test"
          ]
        }
      ]
    },
    {
      "mode": "managed",
      "type": "mist_org_service",
      "name": "service_143",
      "provider": "provider[\"registry.terraform.io/juniper/mist\"]",
      "instances": [
        {
          "schema_version": 0,
          "attributes": {
            "addresses": [
              "{{branch_ip}}.17/32",
              "{{branch_ip}}.18/32",
              "{{branch_ip}}.25/32"
            ],
            "app_categories": [],
            "app_subcategories": [],
            "apps": [],
            "description": null,
            "dscp": null,
            "failover_policy": "revertable",
            "hostnames": [],
            "id": "b70d3eb7-9ac6-49f0-b5d6-0ed8f6ec2dfa",
            "max_jitter": null,
            "max_latency": null,
            "max_loss": null,
            "name": "CORE-TCP-5173",
            "org_id": "9433bc30-0867-4bab-b4af-a26c3c6aa645",
            "sle_enabled": false,
            "specs": [
              {
                "port_range": "5173-5173",
                "protocol": "tcp"
              }
            ],
            "ssr_relaxed_tcp_state_enforcement": false,
            "traffic_class": "best_effort",
            "traffic_type": "default",
            "type": "custom",
            "urls": []
          },
          "sensitive_attributes": [],
          "dependencies": [
            "mist_org.terraform_test"
          ]
        }
      ]
    },
    {
      "mode": "managed",
      "type": "mist_org_service",
      "name": "service_144",
      "provider": "provider[\"registry.terraform.io/juniper/mist\"]",
      "instances": [
        {
          "schema_version": 0,
          "attributes": {
            "addresses": [
              "{{iot_net_wired}}.200/32",
              "{{iot_net_wired}}.199/32",
              "{{iot_net_wired}}.198/32"
            ],
            "app_categories": [],
            "app_subcategories": [],
            "apps": [],
            "description": null,
            "dscp": null,
            "failover_policy": "revertable",
            "hostnames": [],
            "id": "de602b20-a680-497a-b827-9b9f2eb748fd",
            "max_jitter": null,
            "max_latency": null,
            "max_loss": null,
            "name": "Gr2_IoT_Wired",
            "org_id": "9433bc30-0867-4bab-b4af-a26c3c6aa645",
            "sle_enabled": false,
            "specs": [
              {
                "port_range": "8883-8883",
                "protocol": "tcp"
              },
              {
                "port_range": "1883-1883",
                "protocol": "tcp"
              },
              {
                "port_range": "443-443",
                "protocol": "tcp"
              },
              {
                "port_range": "22-22",
                "protocol": "tcp"
              }
            ],
            "ssr_relaxed_tcp_state_enforcement": false,
            "traffic_class": "best_effort",
            "traffic_type": "default",
            "type": "custom",
            "urls": []
          },
          "sensitive_attributes": [],
          "dependencies": [
            "mist_org.terraform_test"
          ]
        }
      ]
    },
    {
      "mode": "managed",
      "type": "mist_org_service",
      "name": "service_145",
      "provider": "provider[\"registry.terraform.io/juniper/mist\"]",
      "instances": [
        {
          "schema_version": 0,
          "attributes": {
            "addresses": [
              "0.0.0.0/0"
            ],
            "app_categories": [],
            "app_subcategories": [],
            "apps": [],
            "description": null,
            "dscp": null,
            "failover_policy": "revertable",
            "hostnames": [],
            "id": "9850e1ea-960c-4688-8559-bf74acc62673",
            "max_jitter": null,
            "max_latency": null,
            "max_loss": null,
            "name": "TCP_80_443",
            "org_id": "9433bc30-0867-4bab-b4af-a26c3c6aa645",
            "sle_enabled": false,
            "specs": [
              {
                "port_range": "80-80",
                "protocol": "tcp"
              },
              {
                "port_range": "443-443",
                "protocol": "tcp"
              }
            ],
            "ssr_relaxed_tcp_state_enforcement": false,
            "traffic_class": "best_effort",
            "traffic_type": "default",
            "type": "custom",
            "urls": []
          },
          "sensitive_attributes": [],
          "dependencies": [
            "mist_org.terraform_test"
          ]
        }
      ]
    },
    {
      "mode": "managed",
      "type": "mist_org_service",
      "name": "service_146",
      "provider": "provider[\"registry.terraform.io/juniper/mist\"]",
      "instances": [
        {
          "schema_version": 0,
          "attributes": {
            "addresses": [
              "{{iot_net_wired}}.160/32",
              "{{iot_net_wired}}.165/32",
              "{{iot_net_wired}}.166/32",
              "{{iot_net_wired}}.169/32"
            ],
            "app_categories": [],
            "app_subcategories": [],
            "apps": [],
            "description": null,
            "dscp": null,
            "failover_policy": "revertable",
            "hostnames": [],
            "id": "de735ca1-339f-4539-871a-de1f5e9ba3fd",
            "max_jitter": null,
            "max_latency": null,
            "max_loss": null,
            "name": "Gr_224-192_168_92-TCP_80",
            "org_id": "9433bc30-0867-4bab-b4af-a26c3c6aa645",
            "sle_enabled": false,
            "specs": [
              {
                "port_range": "80-80",
                "protocol": "tcp"
              }
            ],
            "ssr_relaxed_tcp_state_enforcement": false,
            "traffic_class": "best_effort",
            "traffic_type": "default",
            "type": "custom",
            "urls": []
          },
          "sensitive_attributes": [],
          "dependencies": [
            "mist_org.terraform_test"
          ]
        }
      ]
    },
    {
      "mode": "managed",
      "type": "mist_org_service",
      "name": "service_147",
      "provider": "provider[\"registry.terraform.io/juniper/mist\"]",
      "instances": [
        {
          "schema_version": 0,
          "attributes": {
            "addresses": [
              "{{iot_net_wired}}.192/26",
              "{{iot_net_wired}}.180/32",
              "{{iot_net_wired}}.181/32",
              "{{iot_net_wired}}.182/32",
              "{{iot_net_wired}}.183/32",
              "{{iot_net_wired}}.184/32",
              "{{iot_net_wired}}.185/32",
              "{{iot_net_wired}}.186/32",
              "{{iot_net_wired}}.187/32",
              "{{iot_net_wired}}.188/32",
              "{{iot_net_wired}}.189/32",
              "{{iot_net_wired}}.190/32",
              "{{iot_net_wired}}.191/32",
              "{{secondary_iot_wired}}.192/26",
              "{{secondary_iot_wired}}.180/32",
              "{{secondary_iot_wired}}.181/32",
              "{{secondary_iot_wired}}.182/32",
              "{{secondary_iot_wired}}.183/32",
              "{{secondary_iot_wired}}.184/32",
              "{{secondary_iot_wired}}.185/32",
              "{{secondary_iot_wired}}.186/32",
              "{{secondary_iot_wired}}.187/32",
              "{{secondary_iot_wired}}.188/32",
              "{{secondary_iot_wired}}.189/32",
              "{{secondary_iot_wired}}.190/32",
              "{{secondary_iot_wired}}.191/32"
            ],
            "app_categories": [],
            "app_subcategories": [],
            "apps": [],
            "description": null,
            "dscp": null,
            "failover_policy": "revertable",
            "hostnames": [],
            "id": "7905d91c-f6c0-4bd2-8f9a-cc78039be793",
            "max_jitter": null,
            "max_latency": null,
            "max_loss": null,
            "name": "192_168_92_192-26-TCP_22500",
            "org_id": "9433bc30-0867-4bab-b4af-a26c3c6aa645",
            "sle_enabled": false,
            "specs": [
              {
                "port_range": "22500-22500",
                "protocol": "tcp"
              }
            ],
            "ssr_relaxed_tcp_state_enforcement": false,
            "traffic_class": "best_effort",
            "traffic_type": "default",
            "type": "custom",
            "urls": []
          },
          "sensitive_attributes": [],
          "dependencies": [
            "mist_org.terraform_test"
          ]
        }
      ]
    },
    {
      "mode": "managed",
      "type": "mist_org_service",
      "name": "service_148",
      "provider": "provider[\"registry.terraform.io/juniper/mist\"]",
      "instances": [
        {
          "schema_version": 0,
          "attributes": {
            "addresses": [
              "{{branch_ip}}.62/32",
              "{{branch_ip}}.129/32",
              "{{branch_ip}}.161/32",
              "{{branch_ip}}.225/32"
            ],
            "app_categories": [],
            "app_subcategories": [],
            "apps": [],
            "description": null,
            "dscp": null,
            "failover_policy": "revertable",
            "hostnames": [],
            "id": "0a843a29-301b-46a8-a938-0577e54bf073",
            "max_jitter": null,
            "max_latency": null,
            "max_loss": null,
            "name": "Gr-10_X_Y-UDP_53",
            "org_id": "9433bc30-0867-4bab-b4af-a26c3c6aa645",
            "sle_enabled": false,
            "specs": [
              {
                "port_range": "53-53",
                "protocol": "udp"
              }
            ],
            "ssr_relaxed_tcp_state_enforcement": false,
            "traffic_class": "best_effort",
            "traffic_type": "default",
            "type": "custom",
            "urls": []
          },
          "sensitive_attributes": [],
          "dependencies": [
            "mist_org.terraform_test"
          ]
        }
      ]
    },
    {
      "mode": "managed",
      "type": "mist_org_service",
      "name": "service_149",
      "provider": "provider[\"registry.terraform.io/juniper/mist\"]",
      "instances": [
        {
          "schema_version": 0,
          "attributes": {
            "addresses": [
              "0.0.0.0/0"
            ],
            "app_categories": [],
            "app_subcategories": [],
            "apps": [],
            "description": null,
            "dscp": null,
            "failover_policy": "revertable",
            "hostnames": [],
            "id": "64917321-dca8-4744-b6ee-01b316403d19",
            "max_jitter": null,
            "max_latency": null,
            "max_loss": null,
            "name": "ANY-UDP_53",
            "org_id": "9433bc30-0867-4bab-b4af-a26c3c6aa645",
            "sle_enabled": false,
            "specs": [
              {
                "port_range": "53-53",
                "protocol": "udp"
              },
              {
                "port_range": "53-53",
                "protocol": "tcp"
              }
            ],
            "ssr_relaxed_tcp_state_enforcement": false,
            "traffic_class": "best_effort",
            "traffic_type": "default",
            "type": "custom",
            "urls": []
          },
          "sensitive_attributes": [],
          "dependencies": [
            "mist_org.terraform_test"
          ]
        }
      ]
    },
    {
      "mode": "managed",
      "type": "mist_org_service",
      "name": "service_15",
      "provider": "provider[\"registry.terraform.io/juniper/mist\"]",
      "instances": [
        {
          "schema_version": 0,
          "attributes": {
            "addresses": [
              "{{iot_net_wired}}.126/32"
            ],
            "app_categories": [],
            "app_subcategories": [],
            "apps": [],
            "description": null,
            "dscp": null,
            "failover_policy": "revertable",
            "hostnames": [],
            "id": "a12d7457-6779-4a0d-b0e7-4743c8f77817",
            "max_jitter": null,
            "max_latency": null,
            "max_loss": null,
            "name": "192_168_92_1-UDP_123",
            "org_id": "9433bc30-0867-4bab-b4af-a26c3c6aa645",
            "sle_enabled": false,
            "specs": [
              {
                "port_range": "123-123",
                "protocol": "udp"
              }
            ],
            "ssr_relaxed_tcp_state_enforcement": false,
            "traffic_class": "best_effort",
            "traffic_type": "default",
            "type": "custom",
            "urls": []
          },
          "sensitive_attributes": [],
          "dependencies": [
            "mist_org.terraform_test"
          ]
        }
      ]
    },
    {
      "mode": "managed",
      "type": "mist_org_service",
      "name": "service_16",
      "provider": "provider[\"registry.terraform.io/juniper/mist\"]",
      "instances": [
        {
          "schema_version": 0,
          "attributes": {
            "addresses": [
              "{{iot_net_wired}}.168/32"
            ],
            "app_categories": [],
            "app_subcategories": [],
            "apps": [],
            "description": null,
            "dscp": null,
            "failover_policy": "revertable",
            "hostnames": [],
            "id": "2f5a3555-71d2-4f58-91f7-ce537f28941f",
            "max_jitter": null,
            "max_latency": null,
            "max_loss": null,
            "name": "192_168_92_168-TCP_10000",
            "org_id": "9433bc30-0867-4bab-b4af-a26c3c6aa645",
            "sle_enabled": false,
            "specs": [
              {
                "port_range": "10000-10000",
                "protocol": "tcp"
              }
            ],
            "ssr_relaxed_tcp_state_enforcement": false,
            "traffic_class": "best_effort",
            "traffic_type": "default",
            "type": "custom",
            "urls": []
          },
          "sensitive_attributes": [],
          "dependencies": [
            "mist_org.terraform_test"
          ]
        }
      ]
    },
    {
      "mode": "managed",
      "type": "mist_org_service",
      "name": "service_17",
      "provider": "provider[\"registry.terraform.io/juniper/mist\"]",
      "instances": [
        {
          "schema_version": 0,
          "attributes": {
            "addresses": [
              "{{branch_ip}}.160/27"
            ],
            "app_categories": [],
            "app_subcategories": [],
            "apps": [],
            "description": null,
            "dscp": null,
            "failover_policy": "revertable",
            "hostnames": [],
            "id": "88559962-2ad2-436a-abca-6e0f576bb80d",
            "max_jitter": null,
            "max_latency": null,
            "max_loss": null,
            "name": "10_X_Y_160-27-TCP_22500",
            "org_id": "9433bc30-0867-4bab-b4af-a26c3c6aa645",
            "sle_enabled": false,
            "specs": [
              {
                "port_range": "22500-22500",
                "protocol": "tcp"
              }
            ],
            "ssr_relaxed_tcp_state_enforcement": false,
            "traffic_class": "best_effort",
            "traffic_type": "default",
            "type": "custom",
            "urls": []
          },
          "sensitive_attributes": [],
          "dependencies": [
            "mist_org.terraform_test"
          ]
        }
      ]
    },
    {
      "mode": "managed",
      "type": "mist_org_service",
      "name": "service_18",
      "provider": "provider[\"registry.terraform.io/juniper/mist\"]",
      "instances": [
        {
          "schema_version": 0,
          "attributes": {
            "addresses": [
              "{{iot_net_wired}}.0/24"
            ],
            "app_categories": [],
            "app_subcategories": [],
            "apps": [],
            "description": null,
            "dscp": null,
            "failover_policy": "revertable",
            "hostnames": [],
            "id": "a3d378be-5629-4005-b32c-1ade72cd1c43",
            "max_jitter": null,
            "max_latency": null,
            "max_loss": null,
            "name": "192_168_92_0-24-TCP_44818",
            "org_id": "9433bc30-0867-4bab-b4af-a26c3c6aa645",
            "sle_enabled": false,
            "specs": [
              {
                "port_range": "44818-44818",
                "protocol": "tcp"
              }
            ],
            "ssr_relaxed_tcp_state_enforcement": false,
            "traffic_class": "best_effort",
            "traffic_type": "default",
            "type": "custom",
            "urls": []
          },
          "sensitive_attributes": [],
          "dependencies": [
            "mist_org.terraform_test"
          ]
        }
      ]
    },
    {
      "mode": "managed",
      "type": "mist_org_service",
      "name": "service_19",
      "provider": "provider[\"registry.terraform.io/juniper/mist\"]",
      "instances": [
        {
          "schema_version": 0,
          "attributes": {
            "addresses": [
              "{{iot_net_wired}}.0/24"
            ],
            "app_categories": [],
            "app_subcategories": [],
            "apps": [],
            "description": null,
            "dscp": null,
            "failover_policy": "revertable",
            "hostnames": [],
            "id": "0b71f16b-c058-4003-91be-07ad51464616",
            "max_jitter": null,
            "max_latency": null,
            "max_loss": null,
            "name": "192_168_92_0-24-TCP_8883",
            "org_id": "9433bc30-0867-4bab-b4af-a26c3c6aa645",
            "sle_enabled": false,
            "specs": [
              {
                "port_range": "8883-8883",
                "protocol": "tcp"
              }
            ],
            "ssr_relaxed_tcp_state_enforcement": false,
            "traffic_class": "best_effort",
            "traffic_type": "default",
            "type": "custom",
            "urls": []
          },
          "sensitive_attributes": [],
          "dependencies": [
            "mist_org.terraform_test"
          ]
        }
      ]
    },
    {
      "mode": "managed",
      "type": "mist_org_service",
      "name": "service_2",
      "provider": "provider[\"registry.terraform.io/juniper/mist\"]",
      "instances": [
        {
          "schema_version": 0,
          "attributes": {
            "addresses": [],
            "app_categories": [],
            "app_subcategories": [],
            "apps": [
              "speedtest"
            ],
            "description": "to demonstrate traffic shaping",
            "dscp": null,
            "failover_policy": "revertable",
            "hostnames": [],
            "id": "7aacf285-fab3-45ed-a891-57c6befc1d08",
            "max_jitter": null,
            "max_latency": null,
            "max_loss": null,
            "name": "XX-Speedtest-classification",
            "org_id": "9433bc30-0867-4bab-b4af-a26c3c6aa645",
            "sle_enabled": false,
            "specs": null,
            "ssr_relaxed_tcp_state_enforcement": false,
            "traffic_class": "best_effort",
            "traffic_type": "voip_audio",
            "type": "apps",
            "urls": []
          },
          "sensitive_attributes": [],
          "dependencies": [
            "mist_org.terraform_test"
          ]
        }
      ]
    },
    {
      "mode": "managed",
      "type": "mist_org_service",
      "name": "service_20",
      "provider": "provider[\"registry.terraform.io/juniper/mist\"]",
      "instances": [
        {
          "schema_version": 0,
          "attributes": {
            "addresses": [
              "{{iot_net_wired_upper}}.0/24"
            ],
            "app_categories": [],
            "app_subcategories": [],
            "apps": [],
            "description": null,
            "dscp": null,
            "failover_policy": "revertable",
            "hostnames": [],
            "id": "101d4af3-7c5e-433c-955f-b404d1644481",
            "max_jitter": null,
            "max_latency": null,
            "max_loss": null,
            "name": "192_168_93_0-24-TCP_1883",
            "org_id": "9433bc30-0867-4bab-b4af-a26c3c6aa645",
            "sle_enabled": false,
            "specs": [
              {
                "port_range": "1883-1883",
                "protocol": "tcp"
              }
            ],
            "ssr_relaxed_tcp_state_enforcement": false,
            "traffic_class": "best_effort",
            "traffic_type": "default",
            "type": "custom",
            "urls": []
          },
          "sensitive_attributes": [],
          "dependencies": [
            "mist_org.terraform_test"
          ]
        }
      ]
    },
    {
      "mode": "managed",
      "type": "mist_org_service",
      "name": "service_21",
      "provider": "provider[\"registry.terraform.io/juniper/mist\"]",
      "instances": [
        {
          "schema_version": 0,
          "attributes": {
            "addresses": [
              "0.0.0.0/0"
            ],
            "app_categories": [],
            "app_subcategories": [],
            "apps": [],
            "description": null,
            "dscp": null,
            "failover_policy": "revertable",
            "hostnames": [],
            "id": "1a612772-3dfd-49b1-9e90-cc308d0c3751",
            "max_jitter": null,
            "max_latency": null,
            "max_loss": null,
            "name": "ANY-UDP_65535",
            "org_id": "9433bc30-0867-4bab-b4af-a26c3c6aa645",
            "sle_enabled": false,
            "specs": [
              {
                "port_range": "65535-65535",
                "protocol": "udp"
              }
            ],
            "ssr_relaxed_tcp_state_enforcement": false,
            "traffic_class": "best_effort",
            "traffic_type": "default",
            "type": "custom",
            "urls": []
          },
          "sensitive_attributes": [],
          "dependencies": [
            "mist_org.terraform_test"
          ]
        }
      ]
    },
    {
      "mode": "managed",
      "type": "mist_org_service",
      "name": "service_22",
      "provider": "provider[\"registry.terraform.io/juniper/mist\"]",
      "instances": [
        {
          "schema_version": 0,
          "attributes": {
            "addresses": [
              "{{branch_ip}}.160/27"
            ],
            "app_categories": [],
            "app_subcategories": [],
            "apps": [],
            "description": null,
            "dscp": null,
            "failover_policy": "revertable",
            "hostnames": [],
            "id": "66016da3-00ee-4b4e-848c-c1ab3dfd9f30",
            "max_jitter": null,
            "max_latency": null,
            "max_loss": null,
            "name": "10_X_Y_160-27-TCP_225",
            "org_id": "9433bc30-0867-4bab-b4af-a26c3c6aa645",
            "sle_enabled": false,
            "specs": [
              {
                "port_range": "225-225",
                "protocol": "tcp"
              }
            ],
            "ssr_relaxed_tcp_state_enforcement": false,
            "traffic_class": "best_effort",
            "traffic_type": "default",
            "type": "custom",
            "urls": []
          },
          "sensitive_attributes": [],
          "dependencies": [
            "mist_org.terraform_test"
          ]
        }
      ]
    },
    {
      "mode": "managed",
      "type": "mist_org_service",
      "name": "service_23",
      "provider": "provider[\"registry.terraform.io/juniper/mist\"]",
      "instances": [
        {
          "schema_version": 0,
          "attributes": {
            "addresses": [],
            "app_categories": [
              "Adult"
            ],
            "app_subcategories": [],
            "apps": [],
            "description": "Block the following categories Enhanced_Adult_Material Enhanced_Nudity Enhanced_Adult_Content Enhanced_Sex Enhanced_Sex_Education Enhanced_Lingerie_and_Swimsuit",
            "dscp": null,
            "failover_policy": "revertable",
            "hostnames": [],
            "id": "762a28bc-8886-4966-8f66-0ee72101ca31",
            "max_jitter": null,
            "max_latency": null,
            "max_loss": null,
            "name": "public_url_block",
            "org_id": "9433bc30-0867-4bab-b4af-a26c3c6aa645",
            "sle_enabled": false,
            "specs": null,
            "ssr_relaxed_tcp_state_enforcement": false,
            "traffic_class": "best_effort",
            "traffic_type": "default",
            "type": "app_categories",
            "urls": []
          },
          "sensitive_attributes": [],
          "dependencies": [
            "mist_org.terraform_test"
          ]
        }
      ]
    },
    {
      "mode": "managed",
      "type": "mist_org_service",
      "name": "service_24",
      "provider": "provider[\"registry.terraform.io/juniper/mist\"]",
      "instances": [
        {
          "schema_version": 0,
          "attributes": {
            "addresses": [
              "{{branch_ip}}.129/32"
            ],
            "app_categories": [],
            "app_subcategories": [],
            "apps": [],
            "description": null,
            "dscp": null,
            "failover_policy": "revertable",
            "hostnames": [],
            "id": "e28667f6-e084-4402-9518-233aa9a4394c",
            "max_jitter": null,
            "max_latency": null,
            "max_loss": null,
            "name": "10_X_Y_129-UDP_123",
            "org_id": "9433bc30-0867-4bab-b4af-a26c3c6aa645",
            "sle_enabled": false,
            "specs": [
              {
                "port_range": "123-123",
                "protocol": "udp"
              }
            ],
            "ssr_relaxed_tcp_state_enforcement": false,
            "traffic_class": "best_effort",
            "traffic_type": "default",
            "type": "custom",
            "urls": []
          },
          "sensitive_attributes": [],
          "dependencies": [
            "mist_org.terraform_test"
          ]
        }
      ]
    },
    {
      "mode": "managed",
      "type": "mist_org_service",
      "name": "service_25",
      "provider": "provider[\"registry.terraform.io/juniper/mist\"]",
      "instances": [
        {
          "schema_version": 0,
          "attributes": {
            "addresses": [
              "{{iot_net_wired_upper}}.0/24"
            ],
            "app_categories": [],
            "app_subcategories": [],
            "apps": [],
            "description": null,
            "dscp": null,
            "failover_policy": "revertable",
            "hostnames": [],
            "id": "94d7646a-0249-4d04-909c-1a932020bda9",
            "max_jitter": null,
            "max_latency": null,
            "max_loss": null,
            "name": "192_168_93_0-24-TCP_23",
            "org_id": "9433bc30-0867-4bab-b4af-a26c3c6aa645",
            "sle_enabled": false,
            "specs": [
              {
                "port_range": "23-23",
                "protocol": "tcp"
              }
            ],
            "ssr_relaxed_tcp_state_enforcement": false,
            "traffic_class": "best_effort",
            "traffic_type": "default",
            "type": "custom",
            "urls": []
          },
          "sensitive_attributes": [],
          "dependencies": [
            "mist_org.terraform_test"
          ]
        }
      ]
    },
    {
      "mode": "managed",
      "type": "mist_org_service",
      "name": "service_26",
      "provider": "provider[\"registry.terraform.io/juniper/mist\"]",
      "instances": [
        {
          "schema_version": 0,
          "attributes": {
            "addresses": [
              "{{VLAN430}}.160/27"
            ],
            "app_categories": [],
            "app_subcategories": [],
            "apps": [],
            "description": null,
            "dscp": null,
            "failover_policy": "revertable",
            "hostnames": [],
            "id": "9112eb04-5ace-47ff-b0cb-9fb11ee093db",
            "max_jitter": null,
            "max_latency": null,
            "max_loss": null,
            "name": "MANAGEMENT_VLAN430",
            "org_id": "9433bc30-0867-4bab-b4af-a26c3c6aa645",
            "sle_enabled": false,
            "specs": [
              {
                "port_range": null,
                "protocol": "any"
              }
            ],
            "ssr_relaxed_tcp_state_enforcement": false,
            "traffic_class": "best_effort",
            "traffic_type": "default",
            "type": "custom",
            "urls": []
          },
          "sensitive_attributes": [],
          "dependencies": [
            "mist_org.terraform_test"
          ]
        }
      ]
    },
    {
      "mode": "managed",
      "type": "mist_org_service",
      "name": "service_27",
      "provider": "provider[\"registry.terraform.io/juniper/mist\"]",
      "instances": [
        {
          "schema_version": 0,
          "attributes": {
            "addresses": [
              "{{branch_ip}}.17/32"
            ],
            "app_categories": [],
            "app_subcategories": [],
            "apps": [],
            "description": null,
            "dscp": null,
            "failover_policy": "revertable",
            "hostnames": [],
            "id": "f97f9a9f-f2ab-4c00-a753-f9f2b25f89ab",
            "max_jitter": null,
            "max_latency": null,
            "max_loss": null,
            "name": "10_X_Y_17-TCP_5172",
            "org_id": "9433bc30-0867-4bab-b4af-a26c3c6aa645",
            "sle_enabled": false,
            "specs": [
              {
                "port_range": "5172-5172",
                "protocol": "tcp"
              }
            ],
            "ssr_relaxed_tcp_state_enforcement": false,
            "traffic_class": "best_effort",
            "traffic_type": "default",
            "type": "custom",
            "urls": []
          },
          "sensitive_attributes": [],
          "dependencies": [
            "mist_org.terraform_test"
          ]
        }
      ]
    },
    {
      "mode": "managed",
      "type": "mist_org_service",
      "name": "service_28",
      "provider": "provider[\"registry.terraform.io/juniper/mist\"]",
      "instances": [
        {
          "schema_version": 0,
          "attributes": {
            "addresses": [
              "{{branch_ip}}.160/27"
            ],
            "app_categories": [],
            "app_subcategories": [],
            "apps": [],
            "description": null,
            "dscp": null,
            "failover_policy": "revertable",
            "hostnames": [],
            "id": "2ca656c1-dbdf-4c58-a63f-34e3ba6129ce",
            "max_jitter": null,
            "max_latency": null,
            "max_loss": null,
            "name": "10_X_Y_160-27-TCP_22600",
            "org_id": "9433bc30-0867-4bab-b4af-a26c3c6aa645",
            "sle_enabled": false,
            "specs": [
              {
                "port_range": "22600-22600",
                "protocol": "tcp"
              }
            ],
            "ssr_relaxed_tcp_state_enforcement": false,
            "traffic_class": "best_effort",
            "traffic_type": "default",
            "type": "custom",
            "urls": []
          },
          "sensitive_attributes": [],
          "dependencies": [
            "mist_org.terraform_test"
          ]
        }
      ]
    },
    {
      "mode": "managed",
      "type": "mist_org_service",
      "name": "service_29",
      "provider": "provider[\"registry.terraform.io/juniper/mist\"]",
      "instances": [
        {
          "schema_version": 0,
          "attributes": {
            "addresses": [
              "0.0.0.0/0"
            ],
            "app_categories": [],
            "app_subcategories": [],
            "apps": [],
            "description": null,
            "dscp": null,
            "failover_policy": "revertable",
            "hostnames": [],
            "id": "457d8880-aaae-46ba-95b8-c49616601376",
            "max_jitter": null,
            "max_latency": null,
            "max_loss": null,
            "name": "ANY-TCP_443",
            "org_id": "9433bc30-0867-4bab-b4af-a26c3c6aa645",
            "sle_enabled": false,
            "specs": [
              {
                "port_range": "443-443",
                "protocol": "tcp"
              }
            ],
            "ssr_relaxed_tcp_state_enforcement": false,
            "traffic_class": "best_effort",
            "traffic_type": "default",
            "type": "custom",
            "urls": []
          },
          "sensitive_attributes": [],
          "dependencies": [
            "mist_org.terraform_test"
          ]
        }
      ]
    },
    {
      "mode": "managed",
      "type": "mist_org_service",
      "name": "service_3",
      "provider": "provider[\"registry.terraform.io/juniper/mist\"]",
      "instances": [
        {
          "schema_version": 0,
          "attributes": {
            "addresses": [
              "{{branch_ip}}.128/27"
            ],
            "app_categories": [],
            "app_subcategories": [],
            "apps": [],
            "description": null,
            "dscp": null,
            "failover_policy": "revertable",
            "hostnames": [],
            "id": "3c3f4650-1835-4678-be24-8c7c90b4b4f5",
            "max_jitter": null,
            "max_latency": null,
            "max_loss": null,
            "name": "10_X_Y_128-27-TCP_8123",
            "org_id": "9433bc30-0867-4bab-b4af-a26c3c6aa645",
            "sle_enabled": false,
            "specs": [
              {
                "port_range": "8123-8123",
                "protocol": "tcp"
              }
            ],
            "ssr_relaxed_tcp_state_enforcement": false,
            "traffic_class": "best_effort",
            "traffic_type": "default",
            "type": "custom",
            "urls": []
          },
          "sensitive_attributes": [],
          "dependencies": [
            "mist_org.terraform_test"
          ]
        }
      ]
    },
    {
      "mode": "managed",
      "type": "mist_org_service",
      "name": "service_30",
      "provider": "provider[\"registry.terraform.io/juniper/mist\"]",
      "instances": [
        {
          "schema_version": 0,
          "attributes": {
            "addresses": [
              "{{branch_ip}}.0/24"
            ],
            "app_categories": [],
            "app_subcategories": [],
            "apps": [],
            "description": null,
            "dscp": null,
            "failover_policy": "revertable",
            "hostnames": [],
            "id": "0bbab5ef-15e9-4714-a07c-b5537a133c9b",
            "max_jitter": null,
            "max_latency": null,
            "max_loss": null,
            "name": "10_X_Y_0-24-ANY",
            "org_id": "9433bc30-0867-4bab-b4af-a26c3c6aa645",
            "sle_enabled": false,
            "specs": [
              {
                "port_range": null,
                "protocol": "any"
              }
            ],
            "ssr_relaxed_tcp_state_enforcement": false,
            "traffic_class": "best_effort",
            "traffic_type": "default",
            "type": "custom",
            "urls": []
          },
          "sensitive_attributes": [],
          "dependencies": [
            "mist_org.terraform_test"
          ]
        }
      ]
    },
    {
      "mode": "managed",
      "type": "mist_org_service",
      "name": "service_31",
      "provider": "provider[\"registry.terraform.io/juniper/mist\"]",
      "instances": [
        {
          "schema_version": 0,
          "attributes": {
            "addresses": [
              "0.0.0.0/0"
            ],
            "app_categories": [],
            "app_subcategories": [],
            "apps": [],
            "description": null,
            "dscp": null,
            "failover_policy": "revertable",
            "hostnames": [],
            "id": "2b0bb23d-b2c5-4cae-ab92-7858170c2063",
            "max_jitter": null,
            "max_latency": null,
            "max_loss": null,
            "name": "ANY-TCP_80",
            "org_id": "9433bc30-0867-4bab-b4af-a26c3c6aa645",
            "sle_enabled": false,
            "specs": [
              {
                "port_range": "80-80",
                "protocol": "tcp"
              }
            ],
            "ssr_relaxed_tcp_state_enforcement": false,
            "traffic_class": "best_effort",
            "traffic_type": "default",
            "type": "custom",
            "urls": []
          },
          "sensitive_attributes": [],
          "dependencies": [
            "mist_org.terraform_test"
          ]
        }
      ]
    },
    {
      "mode": "managed",
      "type": "mist_org_service",
      "name": "service_32",
      "provider": "provider[\"registry.terraform.io/juniper/mist\"]",
      "instances": [
        {
          "schema_version": 0,
          "attributes": {
            "addresses": [
              "{{branch_no_routable}}.130/32"
            ],
            "app_categories": [],
            "app_subcategories": [],
            "apps": [],
            "description": null,
            "dscp": null,
            "failover_policy": "revertable",
            "hostnames": [],
            "id": "ae7f4e0a-f877-42aa-bd72-7350efe3700b",
            "max_jitter": null,
            "max_latency": null,
            "max_loss": null,
            "name": "192_168_90_130-TCP_443",
            "org_id": "9433bc30-0867-4bab-b4af-a26c3c6aa645",
            "sle_enabled": false,
            "specs": [
              {
                "port_range": "443-443",
                "protocol": "tcp"
              }
            ],
            "ssr_relaxed_tcp_state_enforcement": false,
            "traffic_class": "best_effort",
            "traffic_type": "default",
            "type": "custom",
            "urls": []
          },
          "sensitive_attributes": [],
          "dependencies": [
            "mist_org.terraform_test"
          ]
        }
      ]
    },
    {
      "mode": "managed",
      "type": "mist_org_service",
      "name": "service_33",
      "provider": "provider[\"registry.terraform.io/juniper/mist\"]",
      "instances": [
        {
          "schema_version": 0,
          "attributes": {
            "addresses": [
              "{{branch_no_routable}}.130/32"
            ],
            "app_categories": [],
            "app_subcategories": [],
            "apps": [],
            "description": null,
            "dscp": null,
            "failover_policy": "revertable",
            "hostnames": [],
            "id": "a7080444-f74d-4bcb-9477-b71c2fc085fb",
            "max_jitter": null,
            "max_latency": null,
            "max_loss": null,
            "name": "192_168_90_130-TCP_20000",
            "org_id": "9433bc30-0867-4bab-b4af-a26c3c6aa645",
            "sle_enabled": false,
            "specs": [
              {
                "port_range": "20000-20000",
                "protocol": "tcp"
              }
            ],
            "ssr_relaxed_tcp_state_enforcement": false,
            "traffic_class": "best_effort",
            "traffic_type": "default",
            "type": "custom",
            "urls": []
          },
          "sensitive_attributes": [],
          "dependencies": [
            "mist_org.terraform_test"
          ]
        }
      ]
    },
    {
      "mode": "managed",
      "type": "mist_org_service",
      "name": "service_34",
      "provider": "provider[\"registry.terraform.io/juniper/mist\"]",
      "instances": [
        {
          "schema_version": 0,
          "attributes": {
            "addresses": [
              "{{branch_ip}}.172/32"
            ],
            "app_categories": [],
            "app_subcategories": [],
            "apps": [],
            "description": null,
            "dscp": null,
            "failover_policy": "revertable",
            "hostnames": [],
            "id": "3c1dd5f5-363a-4e33-bad4-b671ebf4a673",
            "max_jitter": null,
            "max_latency": null,
            "max_loss": null,
            "name": "10_X_Y_172-TCP_225",
            "org_id": "9433bc30-0867-4bab-b4af-a26c3c6aa645",
            "sle_enabled": false,
            "specs": [
              {
                "port_range": "225-225",
                "protocol": "tcp"
              }
            ],
            "ssr_relaxed_tcp_state_enforcement": false,
            "traffic_class": "best_effort",
            "traffic_type": "default",
            "type": "custom",
            "urls": []
          },
          "sensitive_attributes": [],
          "dependencies": [
            "mist_org.terraform_test"
          ]
        }
      ]
    },
    {
      "mode": "managed",
      "type": "mist_org_service",
      "name": "service_35",
      "provider": "provider[\"registry.terraform.io/juniper/mist\"]",
      "instances": [
        {
          "schema_version": 0,
          "attributes": {
            "addresses": [
              "{{branch_ip}}.225/32"
            ],
            "app_categories": [],
            "app_subcategories": [],
            "apps": [],
            "description": null,
            "dscp": null,
            "failover_policy": "revertable",
            "hostnames": [],
            "id": "6662979d-a2b1-4205-a7b5-4007aa150236",
            "max_jitter": null,
            "max_latency": null,
            "max_loss": null,
            "name": "10_X_Y_225-UDP_123",
            "org_id": "9433bc30-0867-4bab-b4af-a26c3c6aa645",
            "sle_enabled": false,
            "specs": [
              {
                "port_range": "123-123",
                "protocol": "udp"
              }
            ],
            "ssr_relaxed_tcp_state_enforcement": false,
            "traffic_class": "best_effort",
            "traffic_type": "default",
            "type": "custom",
            "urls": []
          },
          "sensitive_attributes": [],
          "dependencies": [
            "mist_org.terraform_test"
          ]
        }
      ]
    },
    {
      "mode": "managed",
      "type": "mist_org_service",
      "name": "service_36",
      "provider": "provider[\"registry.terraform.io/juniper/mist\"]",
      "instances": [
        {
          "schema_version": 0,
          "attributes": {
            "addresses": [
              "{{branch_ip}}.131/32",
              "{{branch_ip}}.132/32"
            ],
            "app_categories": [],
            "app_subcategories": [],
            "apps": [],
            "description": null,
            "dscp": null,
            "failover_policy": "revertable",
            "hostnames": [],
            "id": "44e61208-5515-4525-a6ee-6fc85cd264e6",
            "max_jitter": null,
            "max_latency": null,
            "max_loss": null,
            "name": "RESTRICTED-TCP-5016",
            "org_id": "9433bc30-0867-4bab-b4af-a26c3c6aa645",
            "sle_enabled": false,
            "specs": [
              {
                "port_range": "5016-5016",
                "protocol": "tcp"
              }
            ],
            "ssr_relaxed_tcp_state_enforcement": false,
            "traffic_class": "best_effort",
            "traffic_type": "default",
            "type": "custom",
            "urls": []
          },
          "sensitive_attributes": [],
          "dependencies": [
            "mist_org.terraform_test"
          ]
        }
      ]
    },
    {
      "mode": "managed",
      "type": "mist_org_service",
      "name": "service_37",
      "provider": "provider[\"registry.terraform.io/juniper/mist\"]",
      "instances": [
        {
          "schema_version": 0,
          "attributes": {
            "addresses": [
              "{{branch_ip}}.171/32"
            ],
            "app_categories": [],
            "app_subcategories": [],
            "apps": [],
            "description": null,
            "dscp": null,
            "failover_policy": "revertable",
            "hostnames": [],
            "id": "425956c4-2e76-4734-bbe6-2deb519ec68d",
            "max_jitter": null,
            "max_latency": null,
            "max_loss": null,
            "name": "10_X_Y_171-TCP_225",
            "org_id": "9433bc30-0867-4bab-b4af-a26c3c6aa645",
            "sle_enabled": false,
            "specs": [
              {
                "port_range": "225-225",
                "protocol": "tcp"
              }
            ],
            "ssr_relaxed_tcp_state_enforcement": false,
            "traffic_class": "best_effort",
            "traffic_type": "default",
            "type": "custom",
            "urls": []
          },
          "sensitive_attributes": [],
          "dependencies": [
            "mist_org.terraform_test"
          ]
        }
      ]
    },
    {
      "mode": "managed",
      "type": "mist_org_service",
      "name": "service_38",
      "provider": "provider[\"registry.terraform.io/juniper/mist\"]",
      "instances": [
        {
          "schema_version": 0,
          "attributes": {
            "addresses": [
              "{{branch_ip}}.51/32"
            ],
            "app_categories": [],
            "app_subcategories": [],
            "apps": [],
            "description": null,
            "dscp": null,
            "failover_policy": "revertable",
            "hostnames": [],
            "id": "2d11e1af-c5cb-4de2-9b4c-19f9e20ff453",
            "max_jitter": null,
            "max_latency": null,
            "max_loss": null,
            "name": "10_X_Y_51-ICMP",
            "org_id": "9433bc30-0867-4bab-b4af-a26c3c6aa645",
            "sle_enabled": false,
            "specs": [
              {
                "port_range": null,
                "protocol": "icmp"
              }
            ],
            "ssr_relaxed_tcp_state_enforcement": false,
            "traffic_class": "best_effort",
            "traffic_type": "default",
            "type": "custom",
            "urls": []
          },
          "sensitive_attributes": [],
          "dependencies": [
            "mist_org.terraform_test"
          ]
        }
      ]
    },
    {
      "mode": "managed",
      "type": "mist_org_service",
      "name": "service_39",
      "provider": "provider[\"registry.terraform.io/juniper/mist\"]",
      "instances": [
        {
          "schema_version": 0,
          "attributes": {
            "addresses": [
              "{{iot_net_wired_upper}}.0/26"
            ],
            "app_categories": [],
            "app_subcategories": [],
            "apps": [],
            "description": null,
            "dscp": null,
            "failover_policy": "revertable",
            "hostnames": [],
            "id": "dbedd0ad-4ed7-401e-a57c-64c52b87a016",
            "max_jitter": null,
            "max_latency": null,
            "max_loss": null,
            "name": "192_168_93_0-24-TCP_44818",
            "org_id": "9433bc30-0867-4bab-b4af-a26c3c6aa645",
            "sle_enabled": false,
            "specs": [
              {
                "port_range": "44818-44818",
                "protocol": "tcp"
              }
            ],
            "ssr_relaxed_tcp_state_enforcement": false,
            "traffic_class": "best_effort",
            "traffic_type": "default",
            "type": "custom",
            "urls": []
          },
          "sensitive_attributes": [],
          "dependencies": [
            "mist_org.terraform_test"
          ]
        }
      ]
    },
    {
      "mode": "managed",
      "type": "mist_org_service",
      "name": "service_4",
      "provider": "provider[\"registry.terraform.io/juniper/mist\"]",
      "instances": [
        {
          "schema_version": 0,
          "attributes": {
            "addresses": [
              "{{iot_net_wired}}.50/32"
            ],
            "app_categories": [],
            "app_subcategories": [],
            "apps": [],
            "description": null,
            "dscp": null,
            "failover_policy": "revertable",
            "hostnames": [],
            "id": "2f705f64-daf8-4eea-92c8-083be7407d38",
            "max_jitter": null,
            "max_latency": null,
            "max_loss": null,
            "name": "192_168_92_50-ICMP",
            "org_id": "9433bc30-0867-4bab-b4af-a26c3c6aa645",
            "sle_enabled": false,
            "specs": [
              {
                "port_range": null,
                "protocol": "icmp"
              }
            ],
            "ssr_relaxed_tcp_state_enforcement": false,
            "traffic_class": "best_effort",
            "traffic_type": "default",
            "type": "custom",
            "urls": []
          },
          "sensitive_attributes": [],
          "dependencies": [
            "mist_org.terraform_test"
          ]
        }
      ]
    },
    {
      "mode": "managed",
      "type": "mist_org_service",
      "name": "service_40",
      "provider": "provider[\"registry.terraform.io/juniper/mist\"]",
      "instances": [
        {
          "schema_version": 0,
          "attributes": {
            "addresses": [
              "{{branch_ip}}.131/32"
            ],
            "app_categories": [],
            "app_subcategories": [],
            "apps": [],
            "description": null,
            "dscp": null,
            "failover_policy": "revertable",
            "hostnames": [],
            "id": "3b21b685-ffee-4c71-a22b-8f47b3aedc22",
            "max_jitter": null,
            "max_latency": null,
            "max_loss": null,
            "name": "10_X_Y_131-TCP_5016",
            "org_id": "9433bc30-0867-4bab-b4af-a26c3c6aa645",
            "sle_enabled": false,
            "specs": [
              {
                "port_range": "5016-5016",
                "protocol": "tcp"
              }
            ],
            "ssr_relaxed_tcp_state_enforcement": false,
            "traffic_class": "best_effort",
            "traffic_type": "default",
            "type": "custom",
            "urls": []
          },
          "sensitive_attributes": [],
          "dependencies": [
            "mist_org.terraform_test"
          ]
        }
      ]
    },
    {
      "mode": "managed",
      "type": "mist_org_service",
      "name": "service_41",
      "provider": "provider[\"registry.terraform.io/juniper/mist\"]",
      "instances": [
        {
          "schema_version": 0,
          "attributes": {
            "addresses": [
              "{{branch_ip}}.17/32"
            ],
            "app_categories": [],
            "app_subcategories": [],
            "apps": [],
            "description": null,
            "dscp": null,
            "failover_policy": "revertable",
            "hostnames": [],
            "id": "b4cd81ec-4368-4892-89fd-322532dea075",
            "max_jitter": null,
            "max_latency": null,
            "max_loss": null,
            "name": "10_X_Y_18-TCP-5172",
            "org_id": "9433bc30-0867-4bab-b4af-a26c3c6aa645",
            "sle_enabled": false,
            "specs": [
              {
                "port_range": "5172-5172",
                "protocol": "tcp"
              }
            ],
            "ssr_relaxed_tcp_state_enforcement": false,
            "traffic_class": "best_effort",
            "traffic_type": "default",
            "type": "custom",
            "urls": []
          },
          "sensitive_attributes": [],
          "dependencies": [
            "mist_org.terraform_test"
          ]
        }
      ]
    },
    {
      "mode": "managed",
      "type": "mist_org_service",
      "name": "service_42",
      "provider": "provider[\"registry.terraform.io/juniper/mist\"]",
      "instances": [
        {
          "schema_version": 0,
          "attributes": {
            "addresses": [
              "{{branch_no_routable}}.130/32"
            ],
            "app_categories": [],
            "app_subcategories": [],
            "apps": [],
            "description": null,
            "dscp": null,
            "failover_policy": "revertable",
            "hostnames": [],
            "id": "242d849d-fc0f-4e5b-b376-eea5e3ea1639",
            "max_jitter": null,
            "max_latency": null,
            "max_loss": null,
            "name": "192_168_90_130-TCP_2002",
            "org_id": "9433bc30-0867-4bab-b4af-a26c3c6aa645",
            "sle_enabled": false,
            "specs": [
              {
                "port_range": "2002-2002",
                "protocol": "tcp"
              }
            ],
            "ssr_relaxed_tcp_state_enforcement": false,
            "traffic_class": "best_effort",
            "traffic_type": "default",
            "type": "custom",
            "urls": []
          },
          "sensitive_attributes": [],
          "dependencies": [
            "mist_org.terraform_test"
          ]
        }
      ]
    },
    {
      "mode": "managed",
      "type": "mist_org_service",
      "name": "service_43",
      "provider": "provider[\"registry.terraform.io/juniper/mist\"]",
      "instances": [
        {
          "schema_version": 0,
          "attributes": {
            "addresses": [
              "{{branch_ip}}.25/32"
            ],
            "app_categories": [],
            "app_subcategories": [],
            "apps": [],
            "description": null,
            "dscp": null,
            "failover_policy": "revertable",
            "hostnames": [],
            "id": "3b341ebf-2ee3-41c5-8780-e4f37c4436c5",
            "max_jitter": null,
            "max_latency": null,
            "max_loss": null,
            "name": "10_X_Y_25-UDP_123",
            "org_id": "9433bc30-0867-4bab-b4af-a26c3c6aa645",
            "sle_enabled": false,
            "specs": [
              {
                "port_range": "123-123",
                "protocol": "udp"
              }
            ],
            "ssr_relaxed_tcp_state_enforcement": false,
            "traffic_class": "best_effort",
            "traffic_type": "default",
            "type": "custom",
            "urls": []
          },
          "sensitive_attributes": [],
          "dependencies": [
            "mist_org.terraform_test"
          ]
        }
      ]
    },
    {
      "mode": "managed",
      "type": "mist_org_service",
      "name": "service_44",
      "provider": "provider[\"registry.terraform.io/juniper/mist\"]",
      "instances": [
        {
          "schema_version": 0,
          "attributes": {
            "addresses": [
              "{{branch_ip}}.132/32"
            ],
            "app_categories": [],
            "app_subcategories": [],
            "apps": [],
            "description": null,
            "dscp": null,
            "failover_policy": "revertable",
            "hostnames": [],
            "id": "606b4e8e-7cfd-4f33-85d4-135467378f94",
            "max_jitter": null,
            "max_latency": null,
            "max_loss": null,
            "name": "10_X_Y_132-TCP_5015",
            "org_id": "9433bc30-0867-4bab-b4af-a26c3c6aa645",
            "sle_enabled": false,
            "specs": [
              {
                "port_range": "5015-5015",
                "protocol": "tcp"
              }
            ],
            "ssr_relaxed_tcp_state_enforcement": false,
            "traffic_class": "best_effort",
            "traffic_type": "default",
            "type": "custom",
            "urls": []
          },
          "sensitive_attributes": [],
          "dependencies": [
            "mist_org.terraform_test"
          ]
        }
      ]
    },
    {
      "mode": "managed",
      "type": "mist_org_service",
      "name": "service_45",
      "provider": "provider[\"registry.terraform.io/juniper/mist\"]",
      "instances": [
        {
          "schema_version": 0,
          "attributes": {
            "addresses": [
              "0.0.0.0/0"
            ],
            "app_categories": [],
            "app_subcategories": [],
            "apps": [],
            "description": null,
            "dscp": null,
            "failover_policy": "revertable",
            "hostnames": [],
            "id": "564f05b8-352f-42da-b0fc-9782500035b4",
            "max_jitter": null,
            "max_latency": null,
            "max_loss": null,
            "name": "ANY_TCP_80",
            "org_id": "9433bc30-0867-4bab-b4af-a26c3c6aa645",
            "sle_enabled": false,
            "specs": [
              {
                "port_range": "80-80",
                "protocol": "tcp"
              }
            ],
            "ssr_relaxed_tcp_state_enforcement": false,
            "traffic_class": "best_effort",
            "traffic_type": "default",
            "type": "custom",
            "urls": []
          },
          "sensitive_attributes": [],
          "dependencies": [
            "mist_org.terraform_test"
          ]
        }
      ]
    },
    {
      "mode": "managed",
      "type": "mist_org_service",
      "name": "service_46",
      "provider": "provider[\"registry.terraform.io/juniper/mist\"]",
      "instances": [
        {
          "schema_version": 0,
          "attributes": {
            "addresses": [
              "0.0.0.0/0"
            ],
            "app_categories": [],
            "app_subcategories": [],
            "apps": [],
            "description": null,
            "dscp": null,
            "failover_policy": "revertable",
            "hostnames": [],
            "id": "c3291c66-8242-449b-bd33-b8861fbf6fbf",
            "max_jitter": null,
            "max_latency": null,
            "max_loss": null,
            "name": "ANY-UDP_67",
            "org_id": "9433bc30-0867-4bab-b4af-a26c3c6aa645",
            "sle_enabled": false,
            "specs": [
              {
                "port_range": "67-67",
                "protocol": "udp"
              }
            ],
            "ssr_relaxed_tcp_state_enforcement": false,
            "traffic_class": "best_effort",
            "traffic_type": "default",
            "type": "custom",
            "urls": []
          },
          "sensitive_attributes": [],
          "dependencies": [
            "mist_org.terraform_test"
          ]
        }
      ]
    },
    {
      "mode": "managed",
      "type": "mist_org_service",
      "name": "service_47",
      "provider": "provider[\"registry.terraform.io/juniper/mist\"]",
      "instances": [
        {
          "schema_version": 0,
          "attributes": {
            "addresses": [
              "{{iot_net_wired_upper}}.0/24"
            ],
            "app_categories": [],
            "app_subcategories": [],
            "apps": [],
            "description": null,
            "dscp": null,
            "failover_policy": "revertable",
            "hostnames": [],
            "id": "b91080a7-4092-4dba-a2dd-a15c6cf83650",
            "max_jitter": null,
            "max_latency": null,
            "max_loss": null,
            "name": "192_168_93_0-24-TCP_80",
            "org_id": "9433bc30-0867-4bab-b4af-a26c3c6aa645",
            "sle_enabled": false,
            "specs": [
              {
                "port_range": "80-80",
                "protocol": "tcp"
              }
            ],
            "ssr_relaxed_tcp_state_enforcement": false,
            "traffic_class": "best_effort",
            "traffic_type": "default",
            "type": "custom",
            "urls": []
          },
          "sensitive_attributes": [],
          "dependencies": [
            "mist_org.terraform_test"
          ]
        }
      ]
    },
    {
      "mode": "managed",
      "type": "mist_org_service",
      "name": "service_48",
      "provider": "provider[\"registry.terraform.io/juniper/mist\"]",
      "instances": [
        {
          "schema_version": 0,
          "attributes": {
            "addresses": [
              "0.0.0.0/0"
            ],
            "app_categories": [],
            "app_subcategories": [],
            "apps": [],
            "description": null,
            "dscp": null,
            "failover_policy": "revertable",
            "hostnames": [],
            "id": "4761450c-8437-4b78-8102-f042ce29e813",
            "max_jitter": null,
            "max_latency": null,
            "max_loss": null,
            "name": "ANY-TCP_1163",
            "org_id": "9433bc30-0867-4bab-b4af-a26c3c6aa645",
            "sle_enabled": false,
            "specs": [
              {
                "port_range": "1163-1163",
                "protocol": "tcp"
              }
            ],
            "ssr_relaxed_tcp_state_enforcement": false,
            "traffic_class": "best_effort",
            "traffic_type": "default",
            "type": "custom",
            "urls": []
          },
          "sensitive_attributes": [],
          "dependencies": [
            "mist_org.terraform_test"
          ]
        }
      ]
    },
    {
      "mode": "managed",
      "type": "mist_org_service",
      "name": "service_49",
      "provider": "provider[\"registry.terraform.io/juniper/mist\"]",
      "instances": [
        {
          "schema_version": 0,
          "attributes": {
            "addresses": [
              "{{branch_ip}}.131/32\n{{branch_ip}}.132/32"
            ],
            "app_categories": [],
            "app_subcategories": [],
            "apps": [],
            "description": null,
            "dscp": null,
            "failover_policy": "revertable",
            "hostnames": [],
            "id": "038dd55a-cd9d-40e6-9cdc-0d5a3df8696c",
            "max_jitter": null,
            "max_latency": null,
            "max_loss": null,
            "name": "CORE-TCP-5015",
            "org_id": "9433bc30-0867-4bab-b4af-a26c3c6aa645",
            "sle_enabled": false,
            "specs": [
              {
                "port_range": "5015-5015",
                "protocol": "tcp"
              }
            ],
            "ssr_relaxed_tcp_state_enforcement": false,
            "traffic_class": "best_effort",
            "traffic_type": "default",
            "type": "custom",
            "urls": []
          },
          "sensitive_attributes": [],
          "dependencies": [
            "mist_org.terraform_test"
          ]
        }
      ]
    },
    {
      "mode": "managed",
      "type": "mist_org_service",
      "name": "service_5",
      "provider": "provider[\"registry.terraform.io/juniper/mist\"]",
      "instances": [
        {
          "schema_version": 0,
          "attributes": {
            "addresses": [
              "{{branch_ip}}.132/32"
            ],
            "app_categories": [],
            "app_subcategories": [],
            "apps": [],
            "description": null,
            "dscp": null,
            "failover_policy": "revertable",
            "hostnames": [],
            "id": "4285719f-50c0-41d0-9a0f-aea860741355",
            "max_jitter": null,
            "max_latency": null,
            "max_loss": null,
            "name": "10_X_Y_132-TCP_5016",
            "org_id": "9433bc30-0867-4bab-b4af-a26c3c6aa645",
            "sle_enabled": false,
            "specs": [
              {
                "port_range": "5016-5016",
                "protocol": "tcp"
              }
            ],
            "ssr_relaxed_tcp_state_enforcement": false,
            "traffic_class": "best_effort",
            "traffic_type": "default",
            "type": "custom",
            "urls": []
          },
          "sensitive_attributes": [],
          "dependencies": [
            "mist_org.terraform_test"
          ]
        }
      ]
    },
    {
      "mode": "managed",
      "type": "mist_org_service",
      "name": "service_50",
      "provider": "provider[\"registry.terraform.io/juniper/mist\"]",
      "instances": [
        {
          "schema_version": 0,
          "attributes": {
            "addresses": [
              "0.0.0.0/0"
            ],
            "app_categories": [],
            "app_subcategories": [],
            "apps": [],
            "description": null,
            "dscp": null,
            "failover_policy": "revertable",
            "hostnames": [],
            "id": "13882696-2dbf-40f9-93d7-e9b7d4edfeeb",
            "max_jitter": null,
            "max_latency": null,
            "max_loss": null,
            "name": "ANY-UDP_8211",
            "org_id": "9433bc30-0867-4bab-b4af-a26c3c6aa645",
            "sle_enabled": false,
            "specs": [
              {
                "port_range": "8211-8211",
                "protocol": "udp"
              }
            ],
            "ssr_relaxed_tcp_state_enforcement": false,
            "traffic_class": "best_effort",
            "traffic_type": "default",
            "type": "custom",
            "urls": []
          },
          "sensitive_attributes": [],
          "dependencies": [
            "mist_org.terraform_test"
          ]
        }
      ]
    },
    {
      "mode": "managed",
      "type": "mist_org_service",
      "name": "service_51",
      "provider": "provider[\"registry.terraform.io/juniper/mist\"]",
      "instances": [
        {
          "schema_version": 0,
          "attributes": {
            "addresses": [
              "{{branch_ip}}.160/27"
            ],
            "app_categories": [],
            "app_subcategories": [],
            "apps": [],
            "description": null,
            "dscp": null,
            "failover_policy": "revertable",
            "hostnames": [],
            "id": "6f2cd38d-fde7-45a5-808d-66e00a58fe83",
            "max_jitter": null,
            "max_latency": null,
            "max_loss": null,
            "name": "10_X_Y_160-27-TCP_22700",
            "org_id": "9433bc30-0867-4bab-b4af-a26c3c6aa645",
            "sle_enabled": false,
            "specs": [
              {
                "port_range": "22700-22700",
                "protocol": "tcp"
              }
            ],
            "ssr_relaxed_tcp_state_enforcement": false,
            "traffic_class": "best_effort",
            "traffic_type": "default",
            "type": "custom",
            "urls": []
          },
          "sensitive_attributes": [],
          "dependencies": [
            "mist_org.terraform_test"
          ]
        }
      ]
    },
    {
      "mode": "managed",
      "type": "mist_org_service",
      "name": "service_52",
      "provider": "provider[\"registry.terraform.io/juniper/mist\"]",
      "instances": [
        {
          "schema_version": 0,
          "attributes": {
            "addresses": [
              "0.0.0.0/0"
            ],
            "app_categories": [],
            "app_subcategories": [],
            "apps": [],
            "description": null,
            "dscp": null,
            "failover_policy": "revertable",
            "hostnames": [],
            "id": "591d1e58-5c4e-4e12-a55d-a8e35194b2f6",
            "max_jitter": null,
            "max_latency": null,
            "max_loss": null,
            "name": "NTP",
            "org_id": "9433bc30-0867-4bab-b4af-a26c3c6aa645",
            "sle_enabled": false,
            "specs": [
              {
                "port_range": "123-123",
                "protocol": "udp"
              }
            ],
            "ssr_relaxed_tcp_state_enforcement": false,
            "traffic_class": "best_effort",
            "traffic_type": "default",
            "type": "custom",
            "urls": []
          },
          "sensitive_attributes": [],
          "dependencies": [
            "mist_org.terraform_test"
          ]
        }
      ]
    },
    {
      "mode": "managed",
      "type": "mist_org_service",
      "name": "service_53",
      "provider": "provider[\"registry.terraform.io/juniper/mist\"]",
      "instances": [
        {
          "schema_version": 0,
          "attributes": {
            "addresses": [
              "{{branch_ip}}.160/27"
            ],
            "app_categories": [],
            "app_subcategories": [],
            "apps": [],
            "description": null,
            "dscp": null,
            "failover_policy": "revertable",
            "hostnames": [],
            "id": "d2e63738-6fea-4f6a-bd21-e346da493ac7",
            "max_jitter": null,
            "max_latency": null,
            "max_loss": null,
            "name": "10_X_Y_160-27-ANY",
            "org_id": "9433bc30-0867-4bab-b4af-a26c3c6aa645",
            "sle_enabled": false,
            "specs": [
              {
                "port_range": null,
                "protocol": "any"
              }
            ],
            "ssr_relaxed_tcp_state_enforcement": false,
            "traffic_class": "best_effort",
            "traffic_type": "default",
            "type": "custom",
            "urls": []
          },
          "sensitive_attributes": [],
          "dependencies": [
            "mist_org.terraform_test"
          ]
        }
      ]
    },
    {
      "mode": "managed",
      "type": "mist_org_service",
      "name": "service_54",
      "provider": "provider[\"registry.terraform.io/juniper/mist\"]",
      "instances": [
        {
          "schema_version": 0,
          "attributes": {
            "addresses": [
              "192.168.0.0/16"
            ],
            "app_categories": [],
            "app_subcategories": [],
            "apps": [],
            "description": null,
            "dscp": null,
            "failover_policy": "revertable",
            "hostnames": [],
            "id": "7426b23f-5e78-4de4-8203-ccde70fcd3d4",
            "max_jitter": null,
            "max_latency": null,
            "max_loss": null,
            "name": "192_168_0_0-16-ICMP",
            "org_id": "9433bc30-0867-4bab-b4af-a26c3c6aa645",
            "sle_enabled": false,
            "specs": [
              {
                "port_range": null,
                "protocol": "icmp"
              }
            ],
            "ssr_relaxed_tcp_state_enforcement": false,
            "traffic_class": "best_effort",
            "traffic_type": "default",
            "type": "custom",
            "urls": []
          },
          "sensitive_attributes": [],
          "dependencies": [
            "mist_org.terraform_test"
          ]
        }
      ]
    },
    {
      "mode": "managed",
      "type": "mist_org_service",
      "name": "service_55",
      "provider": "provider[\"registry.terraform.io/juniper/mist\"]",
      "instances": [
        {
          "schema_version": 0,
          "attributes": {
            "addresses": [
              "{{private_net}}.0/24"
            ],
            "app_categories": [],
            "app_subcategories": [],
            "apps": [],
            "description": null,
            "dscp": null,
            "failover_policy": "revertable",
            "hostnames": [],
            "id": "709620eb-fa8c-459d-8c3c-0dc1542fe736",
            "max_jitter": null,
            "max_latency": null,
            "max_loss": null,
            "name": "192_168_91_0-24-ANY",
            "org_id": "9433bc30-0867-4bab-b4af-a26c3c6aa645",
            "sle_enabled": false,
            "specs": [
              {
                "port_range": null,
                "protocol": "any"
              }
            ],
            "ssr_relaxed_tcp_state_enforcement": false,
            "traffic_class": "best_effort",
            "traffic_type": "default",
            "type": "custom",
            "urls": []
          },
          "sensitive_attributes": [],
          "dependencies": [
            "mist_org.terraform_test"
          ]
        }
      ]
    },
    {
      "mode": "managed",
      "type": "mist_org_service",
      "name": "service_56",
      "provider": "provider[\"registry.terraform.io/juniper/mist\"]",
      "instances": [
        {
          "schema_version": 0,
          "attributes": {
            "addresses": [
              "{{iot_net_wired}}.198/32",
              "{{secondary_iot_wired}}.198/32"
            ],
            "app_categories": [],
            "app_subcategories": [],
            "apps": [],
            "description": null,
            "dscp": null,
            "failover_policy": "revertable",
            "hostnames": [],
            "id": "3a50e99c-a160-458d-8390-24ccd72d1897",
            "max_jitter": null,
            "max_latency": null,
            "max_loss": null,
            "name": "192_168_92_198-TCP_1883",
            "org_id": "9433bc30-0867-4bab-b4af-a26c3c6aa645",
            "sle_enabled": false,
            "specs": [
              {
                "port_range": "1883-1883",
                "protocol": "tcp"
              }
            ],
            "ssr_relaxed_tcp_state_enforcement": false,
            "traffic_class": "best_effort",
            "traffic_type": "default",
            "type": "custom",
            "urls": []
          },
          "sensitive_attributes": [],
          "dependencies": [
            "mist_org.terraform_test"
          ]
        }
      ]
    },
    {
      "mode": "managed",
      "type": "mist_org_service",
      "name": "service_57",
      "provider": "provider[\"registry.terraform.io/juniper/mist\"]",
      "instances": [
        {
          "schema_version": 0,
          "attributes": {
            "addresses": [
              "208.67.220.220/32",
              "208.67.222.222/32"
            ],
            "app_categories": [],
            "app_subcategories": [],
            "apps": [],
            "description": "Cisco Umbrella - Puertos TCP UDP for DNS and HTTPS",
            "dscp": null,
            "failover_policy": "revertable",
            "hostnames": [],
            "id": "1bc5fb74-ae9f-4a80-9250-4cc532c29e05",
            "max_jitter": null,
            "max_latency": null,
            "max_loss": null,
            "name": "DNS_HTTP_HTTPS_External",
            "org_id": "9433bc30-0867-4bab-b4af-a26c3c6aa645",
            "sle_enabled": false,
            "specs": [
              {
                "port_range": "53-53",
                "protocol": "tcp"
              },
              {
                "port_range": "53-53",
                "protocol": "udp"
              },
              {
                "port_range": "80-80",
                "protocol": "tcp"
              },
              {
                "port_range": "443-443",
                "protocol": "tcp"
              }
            ],
            "ssr_relaxed_tcp_state_enforcement": false,
            "traffic_class": "best_effort",
            "traffic_type": "default",
            "type": "custom",
            "urls": []
          },
          "sensitive_attributes": [],
          "dependencies": [
            "mist_org.terraform_test"
          ]
        }
      ]
    },
    {
      "mode": "managed",
      "type": "mist_org_service",
      "name": "service_58",
      "provider": "provider[\"registry.terraform.io/juniper/mist\"]",
      "instances": [
        {
          "schema_version": 0,
          "attributes": {
            "addresses": [
              "{{iot_net_wired}}.160/32"
            ],
            "app_categories": [],
            "app_subcategories": [],
            "apps": [],
            "description": null,
            "dscp": null,
            "failover_policy": "revertable",
            "hostnames": [],
            "id": "773b0ddb-3e01-4883-a6b7-c80dcc69a057",
            "max_jitter": null,
            "max_latency": null,
            "max_loss": null,
            "name": "192_168_92_160-TCP_443",
            "org_id": "9433bc30-0867-4bab-b4af-a26c3c6aa645",
            "sle_enabled": false,
            "specs": [
              {
                "port_range": "443-443",
                "protocol": "tcp"
              }
            ],
            "ssr_relaxed_tcp_state_enforcement": false,
            "traffic_class": "best_effort",
            "traffic_type": "default",
            "type": "custom",
            "urls": []
          },
          "sensitive_attributes": [],
          "dependencies": [
            "mist_org.terraform_test"
          ]
        }
      ]
    },
    {
      "mode": "managed",
      "type": "mist_org_service",
      "name": "service_59",
      "provider": "provider[\"registry.terraform.io/juniper/mist\"]",
      "instances": [
        {
          "schema_version": 0,
          "attributes": {
            "addresses": [
              "{{branch_ip}}.62/32"
            ],
            "app_categories": [],
            "app_subcategories": [],
            "apps": [],
            "description": null,
            "dscp": null,
            "failover_policy": "revertable",
            "hostnames": [],
            "id": "7dd3b487-c614-4d6f-b344-2ea9b293fef8",
            "max_jitter": null,
            "max_latency": null,
            "max_loss": null,
            "name": "10_X_Y_62-UDP_53",
            "org_id": "9433bc30-0867-4bab-b4af-a26c3c6aa645",
            "sle_enabled": false,
            "specs": [
              {
                "port_range": "53-53",
                "protocol": "udp"
              }
            ],
            "ssr_relaxed_tcp_state_enforcement": false,
            "traffic_class": "best_effort",
            "traffic_type": "default",
            "type": "custom",
            "urls": []
          },
          "sensitive_attributes": [],
          "dependencies": [
            "mist_org.terraform_test"
          ]
        }
      ]
    },
    {
      "mode": "managed",
      "type": "mist_org_service",
      "name": "service_6",
      "provider": "provider[\"registry.terraform.io/juniper/mist\"]",
      "instances": [
        {
          "schema_version": 0,
          "attributes": {
            "addresses": [
              "{{iot_net_wireless}}.0/23"
            ],
            "app_categories": [],
            "app_subcategories": [],
            "apps": [],
            "description": null,
            "dscp": null,
            "failover_policy": "revertable",
            "hostnames": [],
            "id": "2f681896-4eef-446e-9d27-0ecbad324af5",
            "max_jitter": null,
            "max_latency": null,
            "max_loss": null,
            "name": "192_168_94_0-23-TCP_22",
            "org_id": "9433bc30-0867-4bab-b4af-a26c3c6aa645",
            "sle_enabled": false,
            "specs": [
              {
                "port_range": "22-22",
                "protocol": "tcp"
              }
            ],
            "ssr_relaxed_tcp_state_enforcement": false,
            "traffic_class": "best_effort",
            "traffic_type": "default",
            "type": "custom",
            "urls": []
          },
          "sensitive_attributes": [],
          "dependencies": [
            "mist_org.terraform_test"
          ]
        }
      ]
    },
    {
      "mode": "managed",
      "type": "mist_org_service",
      "name": "service_60",
      "provider": "provider[\"registry.terraform.io/juniper/mist\"]",
      "instances": [
        {
          "schema_version": 0,
          "attributes": {
            "addresses": [
              "{{branch_ip}}.129/32"
            ],
            "app_categories": [],
            "app_subcategories": [],
            "apps": [],
            "description": null,
            "dscp": null,
            "failover_policy": "revertable",
            "hostnames": [],
            "id": "1f58df03-06c3-423c-943f-355aaedc14ba",
            "max_jitter": null,
            "max_latency": null,
            "max_loss": null,
            "name": "10_X_Y_129-UDP_53",
            "org_id": "9433bc30-0867-4bab-b4af-a26c3c6aa645",
            "sle_enabled": false,
            "specs": [
              {
                "port_range": "53-53",
                "protocol": "udp"
              }
            ],
            "ssr_relaxed_tcp_state_enforcement": false,
            "traffic_class": "best_effort",
            "traffic_type": "default",
            "type": "custom",
            "urls": []
          },
          "sensitive_attributes": [],
          "dependencies": [
            "mist_org.terraform_test"
          ]
        }
      ]
    },
    {
      "mode": "managed",
      "type": "mist_org_service",
      "name": "service_61",
      "provider": "provider[\"registry.terraform.io/juniper/mist\"]",
      "instances": [
        {
          "schema_version": 0,
          "attributes": {
            "addresses": [
              "{{iot_net_wired}}.126/32"
            ],
            "app_categories": [],
            "app_subcategories": [],
            "apps": [],
            "description": null,
            "dscp": null,
            "failover_policy": "revertable",
            "hostnames": [],
            "id": "3f617106-16c6-4141-b67d-6b2761b1a7f6",
            "max_jitter": null,
            "max_latency": null,
            "max_loss": null,
            "name": "192_168_92_1-UDP_53",
            "org_id": "9433bc30-0867-4bab-b4af-a26c3c6aa645",
            "sle_enabled": false,
            "specs": [
              {
                "port_range": "53-53",
                "protocol": "udp"
              }
            ],
            "ssr_relaxed_tcp_state_enforcement": false,
            "traffic_class": "best_effort",
            "traffic_type": "default",
            "type": "custom",
            "urls": []
          },
          "sensitive_attributes": [],
          "dependencies": [
            "mist_org.terraform_test"
          ]
        }
      ]
    },
    {
      "mode": "managed",
      "type": "mist_org_service",
      "name": "service_62",
      "provider": "provider[\"registry.terraform.io/juniper/mist\"]",
      "instances": [
        {
          "schema_version": 0,
          "attributes": {
            "addresses": [
              "{{iot_net_wired}}.0/24"
            ],
            "app_categories": [],
            "app_subcategories": [],
            "apps": [],
            "description": null,
            "dscp": null,
            "failover_policy": "revertable",
            "hostnames": [],
            "id": "77f49ae6-b51d-4075-9417-8264a975b27c",
            "max_jitter": null,
            "max_latency": null,
            "max_loss": null,
            "name": "192_168_92_0-24-UDP_2222",
            "org_id": "9433bc30-0867-4bab-b4af-a26c3c6aa645",
            "sle_enabled": false,
            "specs": [
              {
                "port_range": "2222-2222",
                "protocol": "udp"
              }
            ],
            "ssr_relaxed_tcp_state_enforcement": false,
            "traffic_class": "best_effort",
            "traffic_type": "default",
            "type": "custom",
            "urls": []
          },
          "sensitive_attributes": [],
          "dependencies": [
            "mist_org.terraform_test"
          ]
        }
      ]
    },
    {
      "mode": "managed",
      "type": "mist_org_service",
      "name": "service_63",
      "provider": "provider[\"registry.terraform.io/juniper/mist\"]",
      "instances": [
        {
          "schema_version": 0,
          "attributes": {
            "addresses": [
              "{{iot_net_wired}}.199/32"
            ],
            "app_categories": [],
            "app_subcategories": [],
            "apps": [],
            "description": null,
            "dscp": null,
            "failover_policy": "revertable",
            "hostnames": [],
            "id": "ff77477e-a296-4831-8c1b-b04b2775f3ea",
            "max_jitter": null,
            "max_latency": null,
            "max_loss": null,
            "name": "192_168_92_199-TCP_443",
            "org_id": "9433bc30-0867-4bab-b4af-a26c3c6aa645",
            "sle_enabled": false,
            "specs": [
              {
                "port_range": "443-443",
                "protocol": "tcp"
              }
            ],
            "ssr_relaxed_tcp_state_enforcement": false,
            "traffic_class": "best_effort",
            "traffic_type": "default",
            "type": "custom",
            "urls": []
          },
          "sensitive_attributes": [],
          "dependencies": [
            "mist_org.terraform_test"
          ]
        }
      ]
    },
    {
      "mode": "managed",
      "type": "mist_org_service",
      "name": "service_64",
      "provider": "provider[\"registry.terraform.io/juniper/mist\"]",
      "instances": [
        {
          "schema_version": 0,
          "attributes": {
            "addresses": [
              "{{branch_no_routable}}.130/32"
            ],
            "app_categories": [],
            "app_subcategories": [],
            "apps": [],
            "description": null,
            "dscp": null,
            "failover_policy": "revertable",
            "hostnames": [],
            "id": "a955d67b-bdf5-4ff7-8292-bc91c72f7ee0",
            "max_jitter": null,
            "max_latency": null,
            "max_loss": null,
            "name": "192_168_90_130-TCP_80",
            "org_id": "9433bc30-0867-4bab-b4af-a26c3c6aa645",
            "sle_enabled": false,
            "specs": [
              {
                "port_range": "80-80",
                "protocol": "tcp"
              }
            ],
            "ssr_relaxed_tcp_state_enforcement": false,
            "traffic_class": "best_effort",
            "traffic_type": "default",
            "type": "custom",
            "urls": []
          },
          "sensitive_attributes": [],
          "dependencies": [
            "mist_org.terraform_test"
          ]
        }
      ]
    },
    {
      "mode": "managed",
      "type": "mist_org_service",
      "name": "service_65",
      "provider": "provider[\"registry.terraform.io/juniper/mist\"]",
      "instances": [
        {
          "schema_version": 0,
          "attributes": {
            "addresses": [
              "0.0.0.0/0"
            ],
            "app_categories": [],
            "app_subcategories": [],
            "apps": [],
            "description": null,
            "dscp": null,
            "failover_policy": "revertable",
            "hostnames": [],
            "id": "39d29cde-fe3e-41ec-85e6-b30deb23bdea",
            "max_jitter": null,
            "max_latency": null,
            "max_loss": null,
            "name": "ANY-UDP_68",
            "org_id": "9433bc30-0867-4bab-b4af-a26c3c6aa645",
            "sle_enabled": false,
            "specs": [
              {
                "port_range": "68-68",
                "protocol": "udp"
              }
            ],
            "ssr_relaxed_tcp_state_enforcement": false,
            "traffic_class": "best_effort",
            "traffic_type": "default",
            "type": "custom",
            "urls": []
          },
          "sensitive_attributes": [],
          "dependencies": [
            "mist_org.terraform_test"
          ]
        }
      ]
    },
    {
      "mode": "managed",
      "type": "mist_org_service",
      "name": "service_66",
      "provider": "provider[\"registry.terraform.io/juniper/mist\"]",
      "instances": [
        {
          "schema_version": 0,
          "attributes": {
            "addresses": [
              "0.0.0.0/0"
            ],
            "app_categories": [],
            "app_subcategories": [],
            "apps": [],
            "description": null,
            "dscp": null,
            "failover_policy": "revertable",
            "hostnames": [],
            "id": "3372ecd1-1536-4a8f-b874-88357f06ce94",
            "max_jitter": null,
            "max_latency": null,
            "max_loss": null,
            "name": "ANY-TCP_22",
            "org_id": "9433bc30-0867-4bab-b4af-a26c3c6aa645",
            "sle_enabled": false,
            "specs": [
              {
                "port_range": "22-22",
                "protocol": "tcp"
              }
            ],
            "ssr_relaxed_tcp_state_enforcement": false,
            "traffic_class": "best_effort",
            "traffic_type": "default",
            "type": "custom",
            "urls": []
          },
          "sensitive_attributes": [],
          "dependencies": [
            "mist_org.terraform_test"
          ]
        }
      ]
    },
    {
      "mode": "managed",
      "type": "mist_org_service",
      "name": "service_67",
      "provider": "provider[\"registry.terraform.io/juniper/mist\"]",
      "instances": [
        {
          "schema_version": 0,
          "attributes": {
            "addresses": [
              "{{iot_net_wired}}.0/24"
            ],
            "app_categories": [],
            "app_subcategories": [],
            "apps": [],
            "description": null,
            "dscp": null,
            "failover_policy": "revertable",
            "hostnames": [],
            "id": "8221c4e3-e0bf-48b9-92ba-42437d5ee577",
            "max_jitter": null,
            "max_latency": null,
            "max_loss": null,
            "name": "192_168_92_0-24-TCP_443",
            "org_id": "9433bc30-0867-4bab-b4af-a26c3c6aa645",
            "sle_enabled": false,
            "specs": [
              {
                "port_range": "443-443",
                "protocol": "tcp"
              }
            ],
            "ssr_relaxed_tcp_state_enforcement": false,
            "traffic_class": "best_effort",
            "traffic_type": "default",
            "type": "custom",
            "urls": []
          },
          "sensitive_attributes": [],
          "dependencies": [
            "mist_org.terraform_test"
          ]
        }
      ]
    },
    {
      "mode": "managed",
      "type": "mist_org_service",
      "name": "service_68",
      "provider": "provider[\"registry.terraform.io/juniper/mist\"]",
      "instances": [
        {
          "schema_version": 0,
          "attributes": {
            "addresses": [
              "{{branch_ip}}.161/32"
            ],
            "app_categories": [],
            "app_subcategories": [],
            "apps": [],
            "description": null,
            "dscp": null,
            "failover_policy": "revertable",
            "hostnames": [],
            "id": "2a6a3a24-1290-4e9f-8bed-323dc46d86cf",
            "max_jitter": null,
            "max_latency": null,
            "max_loss": null,
            "name": "10_X_Y_161-UDP_53",
            "org_id": "9433bc30-0867-4bab-b4af-a26c3c6aa645",
            "sle_enabled": false,
            "specs": [
              {
                "port_range": "53-53",
                "protocol": "udp"
              }
            ],
            "ssr_relaxed_tcp_state_enforcement": false,
            "traffic_class": "best_effort",
            "traffic_type": "default",
            "type": "custom",
            "urls": []
          },
          "sensitive_attributes": [],
          "dependencies": [
            "mist_org.terraform_test"
          ]
        }
      ]
    },
    {
      "mode": "managed",
      "type": "mist_org_service",
      "name": "service_69",
      "provider": "provider[\"registry.terraform.io/juniper/mist\"]",
      "instances": [
        {
          "schema_version": 0,
          "attributes": {
            "addresses": [
              "{{iot_net_wired}}.198/32"
            ],
            "app_categories": [],
            "app_subcategories": [],
            "apps": [],
            "description": null,
            "dscp": null,
            "failover_policy": "revertable",
            "hostnames": [],
            "id": "a7081ec5-01b2-4f34-a167-d99905f7c28d",
            "max_jitter": null,
            "max_latency": null,
            "max_loss": null,
            "name": "192_168_92_198-TCP_22",
            "org_id": "9433bc30-0867-4bab-b4af-a26c3c6aa645",
            "sle_enabled": false,
            "specs": [
              {
                "port_range": "22-22",
                "protocol": "tcp"
              }
            ],
            "ssr_relaxed_tcp_state_enforcement": false,
            "traffic_class": "best_effort",
            "traffic_type": "default",
            "type": "custom",
            "urls": []
          },
          "sensitive_attributes": [],
          "dependencies": [
            "mist_org.terraform_test"
          ]
        }
      ]
    },
    {
      "mode": "managed",
      "type": "mist_org_service",
      "name": "service_7",
      "provider": "provider[\"registry.terraform.io/juniper/mist\"]",
      "instances": [
        {
          "schema_version": 0,
          "attributes": {
            "addresses": [
              "{{iot_net_wired}}.200/32"
            ],
            "app_categories": [],
            "app_subcategories": [],
            "apps": [],
            "description": null,
            "dscp": null,
            "failover_policy": "revertable",
            "hostnames": [],
            "id": "1e90054e-5875-4d56-bc79-a3e839573bb7",
            "max_jitter": null,
            "max_latency": null,
            "max_loss": null,
            "name": "192_168_92_200-TCP_22",
            "org_id": "9433bc30-0867-4bab-b4af-a26c3c6aa645",
            "sle_enabled": false,
            "specs": [
              {
                "port_range": "22-22",
                "protocol": "tcp"
              }
            ],
            "ssr_relaxed_tcp_state_enforcement": false,
            "traffic_class": "best_effort",
            "traffic_type": "default",
            "type": "custom",
            "urls": []
          },
          "sensitive_attributes": [],
          "dependencies": [
            "mist_org.terraform_test"
          ]
        }
      ]
    },
    {
      "mode": "managed",
      "type": "mist_org_service",
      "name": "service_70",
      "provider": "provider[\"registry.terraform.io/juniper/mist\"]",
      "instances": [
        {
          "schema_version": 0,
          "attributes": {
            "addresses": [
              "{{branch_ip}}.0/25"
            ],
            "app_categories": [],
            "app_subcategories": [],
            "apps": [],
            "description": null,
            "dscp": null,
            "failover_policy": "revertable",
            "hostnames": [],
            "id": "5633431e-800d-47a3-8efa-887aa71cc7d5",
            "max_jitter": null,
            "max_latency": null,
            "max_loss": null,
            "name": "10_X_Y_0-25-TCP_22501",
            "org_id": "9433bc30-0867-4bab-b4af-a26c3c6aa645",
            "sle_enabled": false,
            "specs": [
              {
                "port_range": "22501-22501",
                "protocol": "tcp"
              }
            ],
            "ssr_relaxed_tcp_state_enforcement": false,
            "traffic_class": "best_effort",
            "traffic_type": "default",
            "type": "custom",
            "urls": []
          },
          "sensitive_attributes": [],
          "dependencies": [
            "mist_org.terraform_test"
          ]
        }
      ]
    },
    {
      "mode": "managed",
      "type": "mist_org_service",
      "name": "service_71",
      "provider": "provider[\"registry.terraform.io/juniper/mist\"]",
      "instances": [
        {
          "schema_version": 0,
          "attributes": {
            "addresses": [
              "{{branch_ip}}.160/27"
            ],
            "app_categories": [],
            "app_subcategories": [],
            "apps": [],
            "description": null,
            "dscp": null,
            "failover_policy": "revertable",
            "hostnames": [],
            "id": "8e619220-60ff-4225-8eda-235c6737a8d8",
            "max_jitter": null,
            "max_latency": null,
            "max_loss": null,
            "name": "10_X_Y_160-27-TCP_22501",
            "org_id": "9433bc30-0867-4bab-b4af-a26c3c6aa645",
            "sle_enabled": false,
            "specs": [
              {
                "port_range": "22501-22501",
                "protocol": "tcp"
              }
            ],
            "ssr_relaxed_tcp_state_enforcement": false,
            "traffic_class": "best_effort",
            "traffic_type": "default",
            "type": "custom",
            "urls": []
          },
          "sensitive_attributes": [],
          "dependencies": [
            "mist_org.terraform_test"
          ]
        }
      ]
    },
    {
      "mode": "managed",
      "type": "mist_org_service",
      "name": "service_72",
      "provider": "provider[\"registry.terraform.io/juniper/mist\"]",
      "instances": [
        {
          "schema_version": 0,
          "attributes": {
            "addresses": [
              "{{private_net}}.1/32"
            ],
            "app_categories": [],
            "app_subcategories": [],
            "apps": [],
            "description": null,
            "dscp": null,
            "failover_policy": "revertable",
            "hostnames": [],
            "id": "83d63e7e-9c67-4e4a-9130-566e0e7d002e",
            "max_jitter": null,
            "max_latency": null,
            "max_loss": null,
            "name": "192_168_91_1-UDP_123",
            "org_id": "9433bc30-0867-4bab-b4af-a26c3c6aa645",
            "sle_enabled": false,
            "specs": [
              {
                "port_range": "123-123",
                "protocol": "udp"
              }
            ],
            "ssr_relaxed_tcp_state_enforcement": false,
            "traffic_class": "best_effort",
            "traffic_type": "default",
            "type": "custom",
            "urls": []
          },
          "sensitive_attributes": [],
          "dependencies": [
            "mist_org.terraform_test"
          ]
        }
      ]
    },
    {
      "mode": "managed",
      "type": "mist_org_service",
      "name": "service_73",
      "provider": "provider[\"registry.terraform.io/juniper/mist\"]",
      "instances": [
        {
          "schema_version": 0,
          "attributes": {
            "addresses": [
              "{{branch_ip}}.25/32"
            ],
            "app_categories": [],
            "app_subcategories": [],
            "apps": [],
            "description": null,
            "dscp": null,
            "failover_policy": "revertable",
            "hostnames": [],
            "id": "43ef7a80-6770-4e33-a7c3-a715be72ff89",
            "max_jitter": null,
            "max_latency": null,
            "max_loss": null,
            "name": "10_X_Y_25-TCP_5173",
            "org_id": "9433bc30-0867-4bab-b4af-a26c3c6aa645",
            "sle_enabled": false,
            "specs": [
              {
                "port_range": "5173-5173",
                "protocol": "tcp"
              }
            ],
            "ssr_relaxed_tcp_state_enforcement": false,
            "traffic_class": "best_effort",
            "traffic_type": "default",
            "type": "custom",
            "urls": []
          },
          "sensitive_attributes": [],
          "dependencies": [
            "mist_org.terraform_test"
          ]
        }
      ]
    },
    {
      "mode": "managed",
      "type": "mist_org_service",
      "name": "service_74",
      "provider": "provider[\"registry.terraform.io/juniper/mist\"]",
      "instances": [
        {
          "schema_version": 0,
          "attributes": {
            "addresses": [
              "{{branch_ip}}.160/27"
            ],
            "app_categories": [],
            "app_subcategories": [],
            "apps": [],
            "description": null,
            "dscp": null,
            "failover_policy": "revertable",
            "hostnames": [],
            "id": "313678aa-eea0-497e-9447-a1910492a223",
            "max_jitter": null,
            "max_latency": null,
            "max_loss": null,
            "name": "10_X_Y_160-27-TCP_80",
            "org_id": "9433bc30-0867-4bab-b4af-a26c3c6aa645",
            "sle_enabled": false,
            "specs": [
              {
                "port_range": "80-80",
                "protocol": "tcp"
              }
            ],
            "ssr_relaxed_tcp_state_enforcement": false,
            "traffic_class": "best_effort",
            "traffic_type": "default",
            "type": "custom",
            "urls": []
          },
          "sensitive_attributes": [],
          "dependencies": [
            "mist_org.terraform_test"
          ]
        }
      ]
    },
    {
      "mode": "managed",
      "type": "mist_org_service",
      "name": "service_75",
      "provider": "provider[\"registry.terraform.io/juniper/mist\"]",
      "instances": [
        {
          "schema_version": 0,
          "attributes": {
            "addresses": [
              "{{branch_ip}}.25/32"
            ],
            "app_categories": [],
            "app_subcategories": [],
            "apps": [],
            "description": null,
            "dscp": null,
            "failover_policy": "revertable",
            "hostnames": [],
            "id": "c7faaca4-9b0a-48a4-a694-af79dccd121d",
            "max_jitter": null,
            "max_latency": null,
            "max_loss": null,
            "name": "10_X_Y_25-TCP_8123",
            "org_id": "9433bc30-0867-4bab-b4af-a26c3c6aa645",
            "sle_enabled": false,
            "specs": [
              {
                "port_range": "8123-8123",
                "protocol": "tcp"
              }
            ],
            "ssr_relaxed_tcp_state_enforcement": false,
            "traffic_class": "best_effort",
            "traffic_type": "default",
            "type": "custom",
            "urls": []
          },
          "sensitive_attributes": [],
          "dependencies": [
            "mist_org.terraform_test"
          ]
        }
      ]
    },
    {
      "mode": "managed",
      "type": "mist_org_service",
      "name": "service_76",
      "provider": "provider[\"registry.terraform.io/juniper/mist\"]",
      "instances": [
        {
          "schema_version": 0,
          "attributes": {
            "addresses": [
              "{{branch_ip}}.0/25"
            ],
            "app_categories": [],
            "app_subcategories": [],
            "apps": [],
            "description": null,
            "dscp": null,
            "failover_policy": "revertable",
            "hostnames": [],
            "id": "8e8001f0-760f-427d-9dc3-52af350016c2",
            "max_jitter": null,
            "max_latency": null,
            "max_loss": null,
            "name": "10_X_Y_0-25-ANY",
            "org_id": "9433bc30-0867-4bab-b4af-a26c3c6aa645",
            "sle_enabled": false,
            "specs": [
              {
                "port_range": null,
                "protocol": "any"
              }
            ],
            "ssr_relaxed_tcp_state_enforcement": false,
            "traffic_class": "best_effort",
            "traffic_type": "default",
            "type": "custom",
            "urls": []
          },
          "sensitive_attributes": [],
          "dependencies": [
            "mist_org.terraform_test"
          ]
        }
      ]
    },
    {
      "mode": "managed",
      "type": "mist_org_service",
      "name": "service_77",
      "provider": "provider[\"registry.terraform.io/juniper/mist\"]",
      "instances": [
        {
          "schema_version": 0,
          "attributes": {
            "addresses": [
              "{{iot_net_wired}}.160/32"
            ],
            "app_categories": [],
            "app_subcategories": [],
            "apps": [],
            "description": null,
            "dscp": null,
            "failover_policy": "revertable",
            "hostnames": [],
            "id": "465a005e-9607-4582-8262-d2f06ffd1210",
            "max_jitter": null,
            "max_latency": null,
            "max_loss": null,
            "name": "192_168_92_160-TCP_3255",
            "org_id": "9433bc30-0867-4bab-b4af-a26c3c6aa645",
            "sle_enabled": false,
            "specs": [
              {
                "port_range": "3255-3255",
                "protocol": "tcp"
              }
            ],
            "ssr_relaxed_tcp_state_enforcement": false,
            "traffic_class": "best_effort",
            "traffic_type": "default",
            "type": "custom",
            "urls": []
          },
          "sensitive_attributes": [],
          "dependencies": [
            "mist_org.terraform_test"
          ]
        }
      ]
    },
    {
      "mode": "managed",
      "type": "mist_org_service",
      "name": "service_78",
      "provider": "provider[\"registry.terraform.io/juniper/mist\"]",
      "instances": [
        {
          "schema_version": 0,
          "attributes": {
            "addresses": [
              "{{iot_net_wired}}.198/32"
            ],
            "app_categories": [],
            "app_subcategories": [],
            "apps": [],
            "description": null,
            "dscp": null,
            "failover_policy": "revertable",
            "hostnames": [],
            "id": "ad415ad9-e6e2-4a7f-a22d-ef38f8ed4062",
            "max_jitter": null,
            "max_latency": null,
            "max_loss": null,
            "name": "192_168_92_198-TCP_8883",
            "org_id": "9433bc30-0867-4bab-b4af-a26c3c6aa645",
            "sle_enabled": false,
            "specs": [
              {
                "port_range": "8883-8883",
                "protocol": "tcp"
              }
            ],
            "ssr_relaxed_tcp_state_enforcement": false,
            "traffic_class": "best_effort",
            "traffic_type": "default",
            "type": "custom",
            "urls": []
          },
          "sensitive_attributes": [],
          "dependencies": [
            "mist_org.terraform_test"
          ]
        }
      ]
    },
    {
      "mode": "managed",
      "type": "mist_org_service",
      "name": "service_79",
      "provider": "provider[\"registry.terraform.io/juniper/mist\"]",
      "instances": [
        {
          "schema_version": 0,
          "attributes": {
            "addresses": [
              "{{branch_ip}}.0/25"
            ],
            "app_categories": [],
            "app_subcategories": [],
            "apps": [],
            "description": null,
            "dscp": null,
            "failover_policy": "revertable",
            "hostnames": [],
            "id": "66d0b11f-8b57-411f-ab81-c07758f6eee9",
            "max_jitter": null,
            "max_latency": null,
            "max_loss": null,
            "name": "10_X_Y_0-25-TCP_22500",
            "org_id": "9433bc30-0867-4bab-b4af-a26c3c6aa645",
            "sle_enabled": false,
            "specs": [
              {
                "port_range": "22500-22500",
                "protocol": "tcp"
              }
            ],
            "ssr_relaxed_tcp_state_enforcement": false,
            "traffic_class": "best_effort",
            "traffic_type": "default",
            "type": "custom",
            "urls": []
          },
          "sensitive_attributes": [],
          "dependencies": [
            "mist_org.terraform_test"
          ]
        }
      ]
    },
    {
      "mode": "managed",
      "type": "mist_org_service",
      "name": "service_8",
      "provider": "provider[\"registry.terraform.io/juniper/mist\"]",
      "instances": [
        {
          "schema_version": 0,
          "attributes": {
            "addresses": [
              "{{branch_ip}}.160/27"
            ],
            "app_categories": [],
            "app_subcategories": [],
            "apps": [],
            "description": null,
            "dscp": null,
            "failover_policy": "revertable",
            "hostnames": [],
            "id": "dbba4170-9570-4a5a-94a6-67b4c56a12cd",
            "max_jitter": null,
            "max_latency": null,
            "max_loss": null,
            "name": "10_X_Y_160-27-TCP_3333",
            "org_id": "9433bc30-0867-4bab-b4af-a26c3c6aa645",
            "sle_enabled": false,
            "specs": [
              {
                "port_range": "3333-3333",
                "protocol": "tcp"
              }
            ],
            "ssr_relaxed_tcp_state_enforcement": false,
            "traffic_class": "best_effort",
            "traffic_type": "default",
            "type": "custom",
            "urls": []
          },
          "sensitive_attributes": [],
          "dependencies": [
            "mist_org.terraform_test"
          ]
        }
      ]
    },
    {
      "mode": "managed",
      "type": "mist_org_service",
      "name": "service_80",
      "provider": "provider[\"registry.terraform.io/juniper/mist\"]",
      "instances": [
        {
          "schema_version": 0,
          "attributes": {
            "addresses": [
              "172.16.0.0/16"
            ],
            "app_categories": [],
            "app_subcategories": [],
            "apps": [],
            "description": null,
            "dscp": null,
            "failover_policy": "revertable",
            "hostnames": [],
            "id": "221bcfe8-a683-4316-acc7-4ba666a9c166",
            "max_jitter": null,
            "max_latency": null,
            "max_loss": null,
            "name": "172_16_0_0-16-ANY",
            "org_id": "9433bc30-0867-4bab-b4af-a26c3c6aa645",
            "sle_enabled": false,
            "specs": [
              {
                "port_range": null,
                "protocol": "any"
              }
            ],
            "ssr_relaxed_tcp_state_enforcement": false,
            "traffic_class": "best_effort",
            "traffic_type": "default",
            "type": "custom",
            "urls": []
          },
          "sensitive_attributes": [],
          "dependencies": [
            "mist_org.terraform_test"
          ]
        }
      ]
    },
    {
      "mode": "managed",
      "type": "mist_org_service",
      "name": "service_81",
      "provider": "provider[\"registry.terraform.io/juniper/mist\"]",
      "instances": [
        {
          "schema_version": 0,
          "attributes": {
            "addresses": [
              "{{iot_net_wired}}.198/32"
            ],
            "app_categories": [],
            "app_subcategories": [],
            "apps": [],
            "description": null,
            "dscp": null,
            "failover_policy": "revertable",
            "hostnames": [],
            "id": "4ec47796-7337-46bc-b539-569b3c10cadf",
            "max_jitter": null,
            "max_latency": null,
            "max_loss": null,
            "name": "192_168_92_198-TCP_443",
            "org_id": "9433bc30-0867-4bab-b4af-a26c3c6aa645",
            "sle_enabled": false,
            "specs": [
              {
                "port_range": "443-443",
                "protocol": "tcp"
              }
            ],
            "ssr_relaxed_tcp_state_enforcement": false,
            "traffic_class": "best_effort",
            "traffic_type": "default",
            "type": "custom",
            "urls": []
          },
          "sensitive_attributes": [],
          "dependencies": [
            "mist_org.terraform_test"
          ]
        }
      ]
    },
    {
      "mode": "managed",
      "type": "mist_org_service",
      "name": "service_82",
      "provider": "provider[\"registry.terraform.io/juniper/mist\"]",
      "instances": [
        {
          "schema_version": 0,
          "attributes": {
            "addresses": [
              "{{branch_ip}}.168/32"
            ],
            "app_categories": [],
            "app_subcategories": [],
            "apps": [],
            "description": null,
            "dscp": null,
            "failover_policy": "revertable",
            "hostnames": [],
            "id": "81011bf7-07a0-4600-a00f-d3be28a4fd76",
            "max_jitter": null,
            "max_latency": null,
            "max_loss": null,
            "name": "10_X_Y_168-TCP_225",
            "org_id": "9433bc30-0867-4bab-b4af-a26c3c6aa645",
            "sle_enabled": false,
            "specs": [
              {
                "port_range": "225-225",
                "protocol": "tcp"
              }
            ],
            "ssr_relaxed_tcp_state_enforcement": false,
            "traffic_class": "best_effort",
            "traffic_type": "default",
            "type": "custom",
            "urls": []
          },
          "sensitive_attributes": [],
          "dependencies": [
            "mist_org.terraform_test"
          ]
        }
      ]
    },
    {
      "mode": "managed",
      "type": "mist_org_service",
      "name": "service_83",
      "provider": "provider[\"registry.terraform.io/juniper/mist\"]",
      "instances": [
        {
          "schema_version": 0,
          "attributes": {
            "addresses": [
              "{{branch_ip}}.225/32"
            ],
            "app_categories": [],
            "app_subcategories": [],
            "apps": [],
            "description": null,
            "dscp": null,
            "failover_policy": "revertable",
            "hostnames": [],
            "id": "b7596a56-dc8d-4524-9d76-7a52c500c616",
            "max_jitter": null,
            "max_latency": null,
            "max_loss": null,
            "name": "10_X_Y_225-UDP_53",
            "org_id": "9433bc30-0867-4bab-b4af-a26c3c6aa645",
            "sle_enabled": false,
            "specs": [
              {
                "port_range": "53-53",
                "protocol": "udp"
              }
            ],
            "ssr_relaxed_tcp_state_enforcement": false,
            "traffic_class": "best_effort",
            "traffic_type": "default",
            "type": "custom",
            "urls": []
          },
          "sensitive_attributes": [],
          "dependencies": [
            "mist_org.terraform_test"
          ]
        }
      ]
    },
    {
      "mode": "managed",
      "type": "mist_org_service",
      "name": "service_84",
      "provider": "provider[\"registry.terraform.io/juniper/mist\"]",
      "instances": [
        {
          "schema_version": 0,
          "attributes": {
            "addresses": [
              "{{branch_ip}}.25/32"
            ],
            "app_categories": [],
            "app_subcategories": [],
            "apps": [],
            "description": null,
            "dscp": null,
            "failover_policy": "revertable",
            "hostnames": [],
            "id": "766c34e5-6ab6-40b3-8218-67812b464d1a",
            "max_jitter": null,
            "max_latency": null,
            "max_loss": null,
            "name": "10_X_Y_25-TCP_8883",
            "org_id": "9433bc30-0867-4bab-b4af-a26c3c6aa645",
            "sle_enabled": false,
            "specs": [
              {
                "port_range": "8883-8883",
                "protocol": "tcp"
              }
            ],
            "ssr_relaxed_tcp_state_enforcement": false,
            "traffic_class": "best_effort",
            "traffic_type": "default",
            "type": "custom",
            "urls": []
          },
          "sensitive_attributes": [],
          "dependencies": [
            "mist_org.terraform_test"
          ]
        }
      ]
    },
    {
      "mode": "managed",
      "type": "mist_org_service",
      "name": "service_85",
      "provider": "provider[\"registry.terraform.io/juniper/mist\"]",
      "instances": [
        {
          "schema_version": 0,
          "attributes": {
            "addresses": [
              "{{branch_ip}}.131/32"
            ],
            "app_categories": [],
            "app_subcategories": [],
            "apps": [],
            "description": null,
            "dscp": null,
            "failover_policy": "revertable",
            "hostnames": [],
            "id": "dd9867ae-30ff-489f-827f-011bdbcc6885",
            "max_jitter": null,
            "max_latency": null,
            "max_loss": null,
            "name": "10_X_Y_131-TCP_5015",
            "org_id": "9433bc30-0867-4bab-b4af-a26c3c6aa645",
            "sle_enabled": false,
            "specs": [
              {
                "port_range": "5015-5015",
                "protocol": "tcp"
              }
            ],
            "ssr_relaxed_tcp_state_enforcement": false,
            "traffic_class": "best_effort",
            "traffic_type": "default",
            "type": "custom",
            "urls": []
          },
          "sensitive_attributes": [],
          "dependencies": [
            "mist_org.terraform_test"
          ]
        }
      ]
    },
    {
      "mode": "managed",
      "type": "mist_org_service",
      "name": "service_86",
      "provider": "provider[\"registry.terraform.io/juniper/mist\"]",
      "instances": [
        {
          "schema_version": 0,
          "attributes": {
            "addresses": [
              "{{branch_ip}}.25/32"
            ],
            "app_categories": [],
            "app_subcategories": [],
            "apps": [],
            "description": null,
            "dscp": null,
            "failover_policy": "revertable",
            "hostnames": [],
            "id": "5caae741-363b-4ac7-a51e-bf1cdac5b898",
            "max_jitter": null,
            "max_latency": null,
            "max_loss": null,
            "name": "10_X_Y_25-TCP_1883",
            "org_id": "9433bc30-0867-4bab-b4af-a26c3c6aa645",
            "sle_enabled": false,
            "specs": [
              {
                "port_range": "1883-1883",
                "protocol": "tcp"
              }
            ],
            "ssr_relaxed_tcp_state_enforcement": false,
            "traffic_class": "best_effort",
            "traffic_type": "default",
            "type": "custom",
            "urls": []
          },
          "sensitive_attributes": [],
          "dependencies": [
            "mist_org.terraform_test"
          ]
        }
      ]
    },
    {
      "mode": "managed",
      "type": "mist_org_service",
      "name": "service_87",
      "provider": "provider[\"registry.terraform.io/juniper/mist\"]",
      "instances": [
        {
          "schema_version": 0,
          "attributes": {
            "addresses": [
              "{{crew_network}}.0/24"
            ],
            "app_categories": [],
            "app_subcategories": [],
            "apps": [],
            "description": null,
            "dscp": null,
            "failover_policy": "revertable",
            "hostnames": [],
            "id": "3faf838e-35ee-4983-b25f-caeaa5c21ce4",
            "max_jitter": null,
            "max_latency": null,
            "max_loss": null,
            "name": "192_168_6_0-24-ANY",
            "org_id": "9433bc30-0867-4bab-b4af-a26c3c6aa645",
            "sle_enabled": false,
            "specs": [
              {
                "port_range": null,
                "protocol": "any"
              }
            ],
            "ssr_relaxed_tcp_state_enforcement": false,
            "traffic_class": "best_effort",
            "traffic_type": "default",
            "type": "custom",
            "urls": []
          },
          "sensitive_attributes": [],
          "dependencies": [
            "mist_org.terraform_test"
          ]
        }
      ]
    },
    {
      "mode": "managed",
      "type": "mist_org_service",
      "name": "service_88",
      "provider": "provider[\"registry.terraform.io/juniper/mist\"]",
      "instances": [
        {
          "schema_version": 0,
          "attributes": {
            "addresses": [
              "{{branch_ip}}.160/27"
            ],
            "app_categories": [],
            "app_subcategories": [],
            "apps": [],
            "description": null,
            "dscp": null,
            "failover_policy": "revertable",
            "hostnames": [],
            "id": "b7c8c446-e3af-4e9e-b77b-764a03957710",
            "max_jitter": null,
            "max_latency": null,
            "max_loss": null,
            "name": "10_X_Y_160-27-TCP_8888",
            "org_id": "9433bc30-0867-4bab-b4af-a26c3c6aa645",
            "sle_enabled": false,
            "specs": [
              {
                "port_range": "8888-8888",
                "protocol": "tcp"
              }
            ],
            "ssr_relaxed_tcp_state_enforcement": false,
            "traffic_class": "best_effort",
            "traffic_type": "default",
            "type": "custom",
            "urls": []
          },
          "sensitive_attributes": [],
          "dependencies": [
            "mist_org.terraform_test"
          ]
        }
      ]
    },
    {
      "mode": "managed",
      "type": "mist_org_service",
      "name": "service_89",
      "provider": "provider[\"registry.terraform.io/juniper/mist\"]",
      "instances": [
        {
          "schema_version": 0,
          "attributes": {
            "addresses": [
              "{{branch_ip}}.25/32"
            ],
            "app_categories": [],
            "app_subcategories": [],
            "apps": [],
            "description": null,
            "dscp": null,
            "failover_policy": "revertable",
            "hostnames": [],
            "id": "ea35767a-5ebf-4741-8e10-c81ee7aaea83",
            "max_jitter": null,
            "max_latency": null,
            "max_loss": null,
            "name": "10_X_Y_25-ICMP",
            "org_id": "9433bc30-0867-4bab-b4af-a26c3c6aa645",
            "sle_enabled": false,
            "specs": [
              {
                "port_range": null,
                "protocol": "icmp"
              }
            ],
            "ssr_relaxed_tcp_state_enforcement": false,
            "traffic_class": "best_effort",
            "traffic_type": "default",
            "type": "custom",
            "urls": []
          },
          "sensitive_attributes": [],
          "dependencies": [
            "mist_org.terraform_test"
          ]
        }
      ]
    },
    {
      "mode": "managed",
      "type": "mist_org_service",
      "name": "service_9",
      "provider": "provider[\"registry.terraform.io/juniper/mist\"]",
      "instances": [
        {
          "schema_version": 0,
          "attributes": {
            "addresses": [
              "{{branch_no_routable}}.130/32"
            ],
            "app_categories": [],
            "app_subcategories": [],
            "apps": [],
            "description": null,
            "dscp": null,
            "failover_policy": "revertable",
            "hostnames": [],
            "id": "c7301f2c-d701-430a-8220-51aaa0f9f392",
            "max_jitter": null,
            "max_latency": null,
            "max_loss": null,
            "name": "192_168_90_130-TCP_2000",
            "org_id": "9433bc30-0867-4bab-b4af-a26c3c6aa645",
            "sle_enabled": false,
            "specs": [
              {
                "port_range": "2000-2000",
                "protocol": "tcp"
              }
            ],
            "ssr_relaxed_tcp_state_enforcement": false,
            "traffic_class": "best_effort",
            "traffic_type": "default",
            "type": "custom",
            "urls": []
          },
          "sensitive_attributes": [],
          "dependencies": [
            "mist_org.terraform_test"
          ]
        }
      ]
    },
    {
      "mode": "managed",
      "type": "mist_org_service",
      "name": "service_90",
      "provider": "provider[\"registry.terraform.io/juniper/mist\"]",
      "instances": [
        {
          "schema_version": 0,
          "attributes": {
            "addresses": [
              "{{branch_ip}}.51/32"
            ],
            "app_categories": [],
            "app_subcategories": [],
            "apps": [],
            "description": null,
            "dscp": null,
            "failover_policy": "revertable",
            "hostnames": [],
            "id": "e5c9598d-eace-4815-9988-f92ab6a45cc5",
            "max_jitter": null,
            "max_latency": null,
            "max_loss": null,
            "name": "10_X_Y_51-UDP_123",
            "org_id": "9433bc30-0867-4bab-b4af-a26c3c6aa645",
            "sle_enabled": false,
            "specs": [
              {
                "port_range": "123-123",
                "protocol": "udp"
              }
            ],
            "ssr_relaxed_tcp_state_enforcement": false,
            "traffic_class": "best_effort",
            "traffic_type": "default",
            "type": "custom",
            "urls": []
          },
          "sensitive_attributes": [],
          "dependencies": [
            "mist_org.terraform_test"
          ]
        }
      ]
    },
    {
      "mode": "managed",
      "type": "mist_org_service",
      "name": "service_91",
      "provider": "provider[\"registry.terraform.io/juniper/mist\"]",
      "instances": [
        {
          "schema_version": 0,
          "attributes": {
            "addresses": [
              "{{iot_net_wired}}.168/32"
            ],
            "app_categories": [],
            "app_subcategories": [],
            "apps": [],
            "description": null,
            "dscp": null,
            "failover_policy": "revertable",
            "hostnames": [],
            "id": "b1fabcc3-5136-438b-aa46-c13ff8899ba5",
            "max_jitter": null,
            "max_latency": null,
            "max_loss": null,
            "name": "192_168_92_168-UDP_65535",
            "org_id": "9433bc30-0867-4bab-b4af-a26c3c6aa645",
            "sle_enabled": false,
            "specs": [
              {
                "port_range": "65535-65535",
                "protocol": "udp"
              }
            ],
            "ssr_relaxed_tcp_state_enforcement": false,
            "traffic_class": "best_effort",
            "traffic_type": "default",
            "type": "custom",
            "urls": []
          },
          "sensitive_attributes": [],
          "dependencies": [
            "mist_org.terraform_test"
          ]
        }
      ]
    },
    {
      "mode": "managed",
      "type": "mist_org_service",
      "name": "service_92",
      "provider": "provider[\"registry.terraform.io/juniper/mist\"]",
      "instances": [
        {
          "schema_version": 0,
          "attributes": {
            "addresses": [
              "{{iot_net_wired}}.168/32"
            ],
            "app_categories": [],
            "app_subcategories": [],
            "apps": [],
            "description": null,
            "dscp": null,
            "failover_policy": "revertable",
            "hostnames": [],
            "id": "2ad4a348-0ced-4ef3-aa5b-0828a6413775",
            "max_jitter": null,
            "max_latency": null,
            "max_loss": null,
            "name": "192_168_92_168-TCP_10001",
            "org_id": "9433bc30-0867-4bab-b4af-a26c3c6aa645",
            "sle_enabled": false,
            "specs": [
              {
                "port_range": "10001-10001",
                "protocol": "tcp"
              }
            ],
            "ssr_relaxed_tcp_state_enforcement": false,
            "traffic_class": "best_effort",
            "traffic_type": "default",
            "type": "custom",
            "urls": []
          },
          "sensitive_attributes": [],
          "dependencies": [
            "mist_org.terraform_test"
          ]
        }
      ]
    },
    {
      "mode": "managed",
      "type": "mist_org_service",
      "name": "service_93",
      "provider": "provider[\"registry.terraform.io/juniper/mist\"]",
      "instances": [
        {
          "schema_version": 0,
          "attributes": {
            "addresses": [
              "{{branch_no_routable}}.129/32"
            ],
            "app_categories": [],
            "app_subcategories": [],
            "apps": [],
            "description": null,
            "dscp": null,
            "failover_policy": "revertable",
            "hostnames": [],
            "id": "0c8bca35-a07b-4a70-8ac7-369266189379",
            "max_jitter": null,
            "max_latency": null,
            "max_loss": null,
            "name": "192_168_90_129-ICMP",
            "org_id": "9433bc30-0867-4bab-b4af-a26c3c6aa645",
            "sle_enabled": false,
            "specs": [
              {
                "port_range": null,
                "protocol": "icmp"
              }
            ],
            "ssr_relaxed_tcp_state_enforcement": false,
            "traffic_class": "best_effort",
            "traffic_type": "default",
            "type": "custom",
            "urls": []
          },
          "sensitive_attributes": [],
          "dependencies": [
            "mist_org.terraform_test"
          ]
        }
      ]
    },
    {
      "mode": "managed",
      "type": "mist_org_service",
      "name": "service_94",
      "provider": "provider[\"registry.terraform.io/juniper/mist\"]",
      "instances": [
        {
          "schema_version": 0,
          "attributes": {
            "addresses": [
              "{{branch_no_routable}}.130/32"
            ],
            "app_categories": [],
            "app_subcategories": [],
            "apps": [],
            "description": null,
            "dscp": null,
            "failover_policy": "revertable",
            "hostnames": [],
            "id": "cb8daf2c-867b-427e-9979-1ac304415093",
            "max_jitter": null,
            "max_latency": null,
            "max_loss": null,
            "name": "192_168_90_130-UDP_20000",
            "org_id": "9433bc30-0867-4bab-b4af-a26c3c6aa645",
            "sle_enabled": false,
            "specs": [
              {
                "port_range": "20000-20000",
                "protocol": "udp"
              }
            ],
            "ssr_relaxed_tcp_state_enforcement": false,
            "traffic_class": "best_effort",
            "traffic_type": "default",
            "type": "custom",
            "urls": []
          },
          "sensitive_attributes": [],
          "dependencies": [
            "mist_org.terraform_test"
          ]
        }
      ]
    },
    {
      "mode": "managed",
      "type": "mist_org_service",
      "name": "service_95",
      "provider": "provider[\"registry.terraform.io/juniper/mist\"]",
      "instances": [
        {
          "schema_version": 0,
          "attributes": {
            "addresses": [
              "{{iot_net_wired}}.166/32"
            ],
            "app_categories": [],
            "app_subcategories": [],
            "apps": [],
            "description": null,
            "dscp": null,
            "failover_policy": "revertable",
            "hostnames": [],
            "id": "b2c534f8-f008-4fb7-b30a-8e2c5a573183",
            "max_jitter": null,
            "max_latency": null,
            "max_loss": null,
            "name": "192_168_92_166-TCP_80",
            "org_id": "9433bc30-0867-4bab-b4af-a26c3c6aa645",
            "sle_enabled": false,
            "specs": [
              {
                "port_range": "80-80",
                "protocol": "tcp"
              }
            ],
            "ssr_relaxed_tcp_state_enforcement": false,
            "traffic_class": "best_effort",
            "traffic_type": "default",
            "type": "custom",
            "urls": []
          },
          "sensitive_attributes": [],
          "dependencies": [
            "mist_org.terraform_test"
          ]
        }
      ]
    },
    {
      "mode": "managed",
      "type": "mist_org_service",
      "name": "service_96",
      "provider": "provider[\"registry.terraform.io/juniper/mist\"]",
      "instances": [
        {
          "schema_version": 0,
          "attributes": {
            "addresses": [
              "{{branch_ip}}.1/32"
            ],
            "app_categories": [],
            "app_subcategories": [],
            "apps": [],
            "description": null,
            "dscp": null,
            "failover_policy": "revertable",
            "hostnames": [],
            "id": "8aa6d28c-907f-4c6a-923d-e74ee1e1a79c",
            "max_jitter": null,
            "max_latency": null,
            "max_loss": null,
            "name": "10_X_Y_1-TCP_8123",
            "org_id": "9433bc30-0867-4bab-b4af-a26c3c6aa645",
            "sle_enabled": false,
            "specs": [
              {
                "port_range": "8123-8123",
                "protocol": "tcp"
              }
            ],
            "ssr_relaxed_tcp_state_enforcement": false,
            "traffic_class": "best_effort",
            "traffic_type": "default",
            "type": "custom",
            "urls": []
          },
          "sensitive_attributes": [],
          "dependencies": [
            "mist_org.terraform_test"
          ]
        }
      ]
    },
    {
      "mode": "managed",
      "type": "mist_org_service",
      "name": "service_97",
      "provider": "provider[\"registry.terraform.io/juniper/mist\"]",
      "instances": [
        {
          "schema_version": 0,
          "attributes": {
            "addresses": [
              "{{branch_ip}}.160/27"
            ],
            "app_categories": [],
            "app_subcategories": [],
            "apps": [],
            "description": null,
            "dscp": null,
            "failover_policy": "revertable",
            "hostnames": [],
            "id": "c822b750-14a6-4906-8f3a-72244c2fba7a",
            "max_jitter": null,
            "max_latency": null,
            "max_loss": null,
            "name": "10_X_Y_160-27-TCP_4983",
            "org_id": "9433bc30-0867-4bab-b4af-a26c3c6aa645",
            "sle_enabled": false,
            "specs": [
              {
                "port_range": "4983-4983",
                "protocol": "tcp"
              }
            ],
            "ssr_relaxed_tcp_state_enforcement": false,
            "traffic_class": "best_effort",
            "traffic_type": "default",
            "type": "custom",
            "urls": []
          },
          "sensitive_attributes": [],
          "dependencies": [
            "mist_org.terraform_test"
          ]
        }
      ]
    },
    {
      "mode": "managed",
      "type": "mist_org_service",
      "name": "service_98",
      "provider": "provider[\"registry.terraform.io/juniper/mist\"]",
      "instances": [
        {
          "schema_version": 0,
          "attributes": {
            "addresses": [
              "{{iot_net_wired}}.0/24"
            ],
            "app_categories": [],
            "app_subcategories": [],
            "apps": [],
            "description": null,
            "dscp": null,
            "failover_policy": "revertable",
            "hostnames": [],
            "id": "3285b264-2e62-4922-9e70-cb634a9bb2e6",
            "max_jitter": null,
            "max_latency": null,
            "max_loss": null,
            "name": "192_168_92_0-24-TCP_502",
            "org_id": "9433bc30-0867-4bab-b4af-a26c3c6aa645",
            "sle_enabled": false,
            "specs": [
              {
                "port_range": "502-502",
                "protocol": "tcp"
              }
            ],
            "ssr_relaxed_tcp_state_enforcement": false,
            "traffic_class": "best_effort",
            "traffic_type": "default",
            "type": "custom",
            "urls": []
          },
          "sensitive_attributes": [],
          "dependencies": [
            "mist_org.terraform_test"
          ]
        }
      ]
    },
    {
      "mode": "managed",
      "type": "mist_org_service",
      "name": "service_99",
      "provider": "provider[\"registry.terraform.io/juniper/mist\"]",
      "instances": [
        {
          "schema_version": 0,
          "attributes": {
            "addresses": [
              "192.168.0.0/16"
            ],
            "app_categories": [],
            "app_subcategories": [],
            "apps": [],
            "description": null,
            "dscp": null,
            "failover_policy": "revertable",
            "hostnames": [],
            "id": "a77657c7-841a-445a-a63c-eab3af3f49f0",
            "max_jitter": null,
            "max_latency": null,
            "max_loss": null,
            "name": "192_168_0_0-16-ANY",
            "org_id": "9433bc30-0867-4bab-b4af-a26c3c6aa645",
            "sle_enabled": false,
            "specs": [
              {
                "port_range": null,
                "protocol": "any"
              }
            ],
            "ssr_relaxed_tcp_state_enforcement": false,
            "traffic_class": "best_effort",
            "traffic_type": "default",
            "type": "custom",
            "urls": []
          },
          "sensitive_attributes": [],
          "dependencies": [
            "mist_org.terraform_test"
          ]
        }
      ]
    },
    {
      "mode": "managed",
      "type": "mist_org_servicepolicy",
      "name": "servicepolicy_0",
      "provider": "provider[\"registry.terraform.io/juniper/mist\"]",
      "instances": [
        {
          "schema_version": 0,
          "attributes": {
            "action": "allow",
            "appqoe": null,
            "ewf": null,
            "id": "0ddb5e60-5e6e-4a44-8fef-2d543d9df7cd",
            "idp": {
              "alert_only": null,
              "enabled": false,
              "idpprofile_id": null,
              "profile": "strict"
            },
            "local_routing": false,
            "name": "022_410-492-bi-com-3-VLAN410",
            "org_id": "9433bc30-0867-4bab-b4af-a26c3c6aa645",
            "path_preference": null,
            "services": [
              "192_168_92_50-ICMP"
            ],
            "tenants": [
              "CORE_25.CORE_VLAN410"
            ]
          },
          "sensitive_attributes": [],
          "dependencies": [
            "mist_org.terraform_test"
          ]
        }
      ]
    },
    {
      "mode": "managed",
      "type": "mist_org_servicepolicy",
      "name": "servicepolicy_1",
      "provider": "provider[\"registry.terraform.io/juniper/mist\"]",
      "instances": [
        {
          "schema_version": 0,
          "attributes": {
            "action": "allow",
            "appqoe": null,
            "ewf": null,
            "id": "af647dbb-c01c-4d29-8f91-916eda5a2a9b",
            "idp": {
              "alert_only": null,
              "enabled": false,
              "idpprofile_id": null,
              "profile": "strict"
            },
            "local_routing": false,
            "name": "089_410-cod-6-VLAN430",
            "org_id": "9433bc30-0867-4bab-b4af-a26c3c6aa645",
            "path_preference": null,
            "services": [
              "10_X_Y_168-TCP_225"
            ],
            "tenants": [
              "CORE_12.CORE_VLAN410"
            ]
          },
          "sensitive_attributes": [],
          "dependencies": [
            "mist_org.terraform_test"
          ]
        }
      ]
    },
    {
      "mode": "managed",
      "type": "mist_org_servicepolicy",
      "name": "servicepolicy_10",
      "provider": "provider[\"registry.terraform.io/juniper/mist\"]",
      "instances": [
        {
          "schema_version": 0,
          "attributes": {
            "action": "allow",
            "appqoe": null,
            "ewf": null,
            "id": "acdad42c-baa0-45d1-a83f-46fa9002fdc6",
            "idp": {
              "alert_only": null,
              "enabled": false,
              "idpprofile_id": null,
              "profile": "strict"
            },
            "local_routing": false,
            "name": "185_410-492-bi-comm-1-VLAN492",
            "org_id": "9433bc30-0867-4bab-b4af-a26c3c6aa645",
            "path_preference": null,
            "services": [
              "10_X_Y_25-ICMP"
            ],
            "tenants": [
              "IOT_WIRED_50.IOT_WIRED_VLAN492"
            ]
          },
          "sensitive_attributes": [],
          "dependencies": [
            "mist_org.terraform_test"
          ]
        }
      ]
    },
    {
      "mode": "managed",
      "type": "mist_org_servicepolicy",
      "name": "servicepolicy_100",
      "provider": "provider[\"registry.terraform.io/juniper/mist\"]",
      "instances": [
        {
          "schema_version": 0,
          "attributes": {
            "action": "allow",
            "appqoe": null,
            "ewf": null,
            "id": "5c376496-7c09-4855-917a-aa5827f7a3e8",
            "idp": {
              "alert_only": null,
              "enabled": false,
              "idpprofile_id": null,
              "profile": "strict"
            },
            "local_routing": false,
            "name": "156_livestore-sec-cam-5-VLAN490",
            "org_id": "9433bc30-0867-4bab-b4af-a26c3c6aa645",
            "path_preference": null,
            "services": [
              "192_168_90_130-UDP_20000"
            ],
            "tenants": [
              "CORE_51.CORE_VLAN410"
            ]
          },
          "sensitive_attributes": [],
          "dependencies": [
            "mist_org.terraform_test"
          ]
        }
      ]
    },
    {
      "mode": "managed",
      "type": "mist_org_servicepolicy",
      "name": "servicepolicy_101",
      "provider": "provider[\"registry.terraform.io/juniper/mist\"]",
      "instances": [
        {
          "schema_version": 0,
          "attributes": {
            "action": "allow",
            "appqoe": null,
            "ewf": null,
            "id": "63f34ba5-c1d3-49b8-af65-5c136474c6c6",
            "idp": {
              "alert_only": null,
              "enabled": false,
              "idpprofile_id": null,
              "profile": "strict"
            },
            "local_routing": false,
            "name": "163_491-control-3-VLAN491",
            "org_id": "9433bc30-0867-4bab-b4af-a26c3c6aa645",
            "path_preference": null,
            "services": [
              "ICMP_ANY"
            ],
            "tenants": [
              "PRIVATE_VLAN491"
            ]
          },
          "sensitive_attributes": [],
          "dependencies": [
            "mist_org.terraform_test"
          ]
        }
      ]
    },
    {
      "mode": "managed",
      "type": "mist_org_servicepolicy",
      "name": "servicepolicy_102",
      "provider": "provider[\"registry.terraform.io/juniper/mist\"]",
      "instances": [
        {
          "schema_version": 0,
          "attributes": {
            "action": "allow",
            "appqoe": null,
            "ewf": null,
            "id": "d768df52-43d2-46bc-a478-1cc8f60a5bd9",
            "idp": {
              "alert_only": null,
              "enabled": false,
              "idpprofile_id": null,
              "profile": "strict"
            },
            "local_routing": false,
            "name": "233b_494-control-7-VLAN494",
            "org_id": "9433bc30-0867-4bab-b4af-a26c3c6aa645",
            "path_preference": null,
            "services": [
              "10_X_Y_129-UDP_53"
            ],
            "tenants": [
              "IOT_WIRELESS_VLAN494"
            ]
          },
          "sensitive_attributes": [],
          "dependencies": [
            "mist_org.terraform_test"
          ]
        }
      ]
    },
    {
      "mode": "managed",
      "type": "mist_org_servicepolicy",
      "name": "servicepolicy_103",
      "provider": "provider[\"registry.terraform.io/juniper/mist\"]",
      "instances": [
        {
          "schema_version": 0,
          "attributes": {
            "action": "deny",
            "appqoe": null,
            "ewf": null,
            "id": "216255a7-3d0d-4aee-896d-df4c856ba269",
            "idp": {
              "alert_only": null,
              "enabled": false,
              "idpprofile_id": null,
              "profile": "strict"
            },
            "local_routing": false,
            "name": "159_papi-block-0-VLAN491",
            "org_id": "9433bc30-0867-4bab-b4af-a26c3c6aa645",
            "path_preference": null,
            "services": [
              "ANY-UDP_8209"
            ],
            "tenants": [
              "PRIVATE_VLAN491"
            ]
          },
          "sensitive_attributes": [],
          "dependencies": [
            "mist_org.terraform_test"
          ]
        }
      ]
    },
    {
      "mode": "managed",
      "type": "mist_org_servicepolicy",
      "name": "servicepolicy_104",
      "provider": "provider[\"registry.terraform.io/juniper/mist\"]",
      "instances": [
        {
          "schema_version": 0,
          "attributes": {
            "action": "allow",
            "appqoe": null,
            "ewf": null,
            "id": "20f5d115-c68e-49ca-9c90-3a6d9a2bfa10",
            "idp": {
              "alert_only": null,
              "enabled": false,
              "idpprofile_id": null,
              "profile": "strict"
            },
            "local_routing": false,
            "name": "233c_494-control-7-VLAN494",
            "org_id": "9433bc30-0867-4bab-b4af-a26c3c6aa645",
            "path_preference": null,
            "services": [
              "10_X_Y_161-UDP_53"
            ],
            "tenants": [
              "IOT_WIRELESS_VLAN494"
            ]
          },
          "sensitive_attributes": [],
          "dependencies": [
            "mist_org.terraform_test"
          ]
        }
      ]
    },
    {
      "mode": "managed",
      "type": "mist_org_servicepolicy",
      "name": "servicepolicy_105",
      "provider": "provider[\"registry.terraform.io/juniper/mist\"]",
      "instances": [
        {
          "schema_version": 0,
          "attributes": {
            "action": "deny",
            "appqoe": null,
            "ewf": null,
            "id": "df3979cf-079f-45f4-9def-40968a1a4f91",
            "idp": {
              "alert_only": null,
              "enabled": false,
              "idpprofile_id": null,
              "profile": "strict"
            },
            "local_routing": false,
            "name": "160_papi-block-1-VLAN491",
            "org_id": "9433bc30-0867-4bab-b4af-a26c3c6aa645",
            "path_preference": null,
            "services": [
              "ANY-UDP_8211"
            ],
            "tenants": [
              "PRIVATE_VLAN491"
            ]
          },
          "sensitive_attributes": [],
          "dependencies": [
            "mist_org.terraform_test"
          ]
        }
      ]
    },
    {
      "mode": "managed",
      "type": "mist_org_servicepolicy",
      "name": "servicepolicy_106",
      "provider": "provider[\"registry.terraform.io/juniper/mist\"]",
      "instances": [
        {
          "schema_version": 0,
          "attributes": {
            "action": "allow",
            "appqoe": null,
            "ewf": null,
            "id": "cf02ab39-8d47-4133-afea-89af710f4852",
            "idp": {
              "alert_only": null,
              "enabled": false,
              "idpprofile_id": null,
              "profile": "strict"
            },
            "local_routing": false,
            "name": "233g_494-control-7-VLAN494",
            "org_id": "9433bc30-0867-4bab-b4af-a26c3c6aa645",
            "path_preference": null,
            "services": [
              "192_168_91_1-UDP_53"
            ],
            "tenants": [
              "IOT_WIRELESS_VLAN494"
            ]
          },
          "sensitive_attributes": [],
          "dependencies": [
            "mist_org.terraform_test"
          ]
        }
      ]
    },
    {
      "mode": "managed",
      "type": "mist_org_servicepolicy",
      "name": "servicepolicy_107",
      "provider": "provider[\"registry.terraform.io/juniper/mist\"]",
      "instances": [
        {
          "schema_version": 0,
          "attributes": {
            "action": "allow",
            "appqoe": null,
            "ewf": null,
            "id": "619fef32-8963-4f26-8b9c-715953829a3d",
            "idp": {
              "alert_only": null,
              "enabled": false,
              "idpprofile_id": null,
              "profile": "strict"
            },
            "local_routing": false,
            "name": "176f_492-control-7-VLAN492",
            "org_id": "9433bc30-0867-4bab-b4af-a26c3c6aa645",
            "path_preference": null,
            "services": [
              "192_168_94_1-UDP_53"
            ],
            "tenants": [
              "IOT_WIRED_VLAN492"
            ]
          },
          "sensitive_attributes": [],
          "dependencies": [
            "mist_org.terraform_test"
          ]
        }
      ]
    },
    {
      "mode": "managed",
      "type": "mist_org_servicepolicy",
      "name": "servicepolicy_108",
      "provider": "provider[\"registry.terraform.io/juniper/mist\"]",
      "instances": [
        {
          "schema_version": 0,
          "attributes": {
            "action": "allow",
            "appqoe": null,
            "ewf": null,
            "id": "ab404556-4a4c-460a-881f-c7222a6bd8dc",
            "idp": {
              "alert_only": null,
              "enabled": false,
              "idpprofile_id": null,
              "profile": "strict"
            },
            "local_routing": false,
            "name": "164_491-control-4-VLAN491",
            "org_id": "9433bc30-0867-4bab-b4af-a26c3c6aa645",
            "path_preference": null,
            "services": [
              "10_X_Y_25-UDP_123"
            ],
            "tenants": [
              "PRIVATE_VLAN491"
            ]
          },
          "sensitive_attributes": [],
          "dependencies": [
            "mist_org.terraform_test"
          ]
        }
      ]
    },
    {
      "mode": "managed",
      "type": "mist_org_servicepolicy",
      "name": "servicepolicy_109",
      "provider": "provider[\"registry.terraform.io/juniper/mist\"]",
      "instances": [
        {
          "schema_version": 0,
          "attributes": {
            "action": "allow",
            "appqoe": null,
            "ewf": null,
            "id": "c129c56b-31b6-454f-9f82-585c2b24aeb9",
            "idp": {
              "alert_only": null,
              "enabled": false,
              "idpprofile_id": null,
              "profile": "strict"
            },
            "local_routing": false,
            "name": "233h_494-control-7-VLAN494",
            "org_id": "9433bc30-0867-4bab-b4af-a26c3c6aa645",
            "path_preference": null,
            "services": [
              "192_168_92_1-UDP_53"
            ],
            "tenants": [
              "IOT_WIRELESS_VLAN494"
            ]
          },
          "sensitive_attributes": [],
          "dependencies": [
            "mist_org.terraform_test"
          ]
        }
      ]
    },
    {
      "mode": "managed",
      "type": "mist_org_servicepolicy",
      "name": "servicepolicy_11",
      "provider": "provider[\"registry.terraform.io/juniper/mist\"]",
      "instances": [
        {
          "schema_version": 0,
          "attributes": {
            "action": "allow",
            "appqoe": null,
            "ewf": null,
            "id": "cd97290a-f80f-41e3-9c96-a78d36e4bb13",
            "idp": {
              "alert_only": null,
              "enabled": false,
              "idpprofile_id": null,
              "profile": "strict"
            },
            "local_routing": false,
            "name": "020_410-492-bi-com-1-VLAN410",
            "org_id": "9433bc30-0867-4bab-b4af-a26c3c6aa645",
            "path_preference": null,
            "services": [
              "10_X_Y_25-ICMP"
            ],
            "tenants": [
              "IOT_WIRED_50.IOT_WIRED_VLAN492"
            ]
          },
          "sensitive_attributes": [],
          "dependencies": [
            "mist_org.terraform_test"
          ]
        }
      ]
    },
    {
      "mode": "managed",
      "type": "mist_org_servicepolicy",
      "name": "servicepolicy_110",
      "provider": "provider[\"registry.terraform.io/juniper/mist\"]",
      "instances": [
        {
          "schema_version": 0,
          "attributes": {
            "action": "allow",
            "appqoe": null,
            "ewf": null,
            "id": "aaac422d-0ce8-43c8-b521-b46783bde5c4",
            "idp": {
              "alert_only": null,
              "enabled": false,
              "idpprofile_id": null,
              "profile": "strict"
            },
            "local_routing": false,
            "name": "004_ped-devices-rules-3-VLAN410",
            "org_id": "9433bc30-0867-4bab-b4af-a26c3c6aa645",
            "path_preference": null,
            "services": [
              "CORE-TCP-5173"
            ],
            "tenants": [
              "PED_DEVICES-CORE-DNS.CORE_VLAN410",
              "PED_DEVICES-RESTRICTED-DNS.RESTRICTED_VLAN420"
            ]
          },
          "sensitive_attributes": [],
          "dependencies": [
            "mist_org.terraform_test"
          ]
        }
      ]
    },
    {
      "mode": "managed",
      "type": "mist_org_servicepolicy",
      "name": "servicepolicy_111",
      "provider": "provider[\"registry.terraform.io/juniper/mist\"]",
      "instances": [
        {
          "schema_version": 0,
          "attributes": {
            "action": "deny",
            "appqoe": null,
            "ewf": null,
            "id": "88babfd2-bd61-4e82-b2da-33801b73219c",
            "idp": {
              "alert_only": null,
              "enabled": false,
              "idpprofile_id": null,
              "profile": "strict"
            },
            "local_routing": false,
            "name": "146_papi-block-0-VLAN490",
            "org_id": "9433bc30-0867-4bab-b4af-a26c3c6aa645",
            "path_preference": null,
            "services": [
              "ANY-UDP_8209"
            ],
            "tenants": [
              "UNTRUSTED_VLAN490"
            ]
          },
          "sensitive_attributes": [],
          "dependencies": [
            "mist_org.terraform_test"
          ]
        }
      ]
    },
    {
      "mode": "managed",
      "type": "mist_org_servicepolicy",
      "name": "servicepolicy_112",
      "provider": "provider[\"registry.terraform.io/juniper/mist\"]",
      "instances": [
        {
          "schema_version": 0,
          "attributes": {
            "action": "deny",
            "appqoe": null,
            "ewf": null,
            "id": "70c3fc24-c22f-4151-b759-31cfcf99f6b0",
            "idp": {
              "alert_only": null,
              "enabled": false,
              "idpprofile_id": null,
              "profile": "strict"
            },
            "local_routing": false,
            "name": "147_papi-block-1-VLAN490",
            "org_id": "9433bc30-0867-4bab-b4af-a26c3c6aa645",
            "path_preference": null,
            "services": [
              "ANY-UDP_8211"
            ],
            "tenants": [
              "UNTRUSTED_VLAN490"
            ]
          },
          "sensitive_attributes": [],
          "dependencies": [
            "mist_org.terraform_test"
          ]
        }
      ]
    },
    {
      "mode": "managed",
      "type": "mist_org_servicepolicy",
      "name": "servicepolicy_113",
      "provider": "provider[\"registry.terraform.io/juniper/mist\"]",
      "instances": [
        {
          "schema_version": 0,
          "attributes": {
            "action": "allow",
            "appqoe": null,
            "ewf": null,
            "id": "c5036a67-434e-4883-9119-f620d65e1d5a",
            "idp": {
              "alert_only": null,
              "enabled": false,
              "idpprofile_id": null,
              "profile": "strict"
            },
            "local_routing": false,
            "name": "108_control-limited-3-VLAN451",
            "org_id": "9433bc30-0867-4bab-b4af-a26c3c6aa645",
            "path_preference": null,
            "services": [
              "192_168_0_0-16-ICMP"
            ],
            "tenants": [
              "CREW_VLAN451"
            ]
          },
          "sensitive_attributes": [],
          "dependencies": [
            "mist_org.terraform_test"
          ]
        }
      ]
    },
    {
      "mode": "managed",
      "type": "mist_org_servicepolicy",
      "name": "servicepolicy_114",
      "provider": "provider[\"registry.terraform.io/juniper/mist\"]",
      "instances": [
        {
          "schema_version": 0,
          "attributes": {
            "action": "allow",
            "appqoe": null,
            "ewf": null,
            "id": "98e1c3f3-4e35-44d1-8063-c091664da2fc",
            "idp": {
              "alert_only": null,
              "enabled": false,
              "idpprofile_id": null,
              "profile": "strict"
            },
            "local_routing": false,
            "name": "165_491-control-5-VLAN491",
            "org_id": "9433bc30-0867-4bab-b4af-a26c3c6aa645",
            "path_preference": null,
            "services": [
              "10_X_Y_51-UDP_123"
            ],
            "tenants": [
              "PRIVATE_VLAN491"
            ]
          },
          "sensitive_attributes": [],
          "dependencies": [
            "mist_org.terraform_test"
          ]
        }
      ]
    },
    {
      "mode": "managed",
      "type": "mist_org_servicepolicy",
      "name": "servicepolicy_115",
      "provider": "provider[\"registry.terraform.io/juniper/mist\"]",
      "instances": [
        {
          "schema_version": 0,
          "attributes": {
            "action": "allow",
            "appqoe": null,
            "ewf": null,
            "id": "b15c0d8b-86d8-4c20-8be8-0d2042289959",
            "idp": {
              "alert_only": null,
              "enabled": false,
              "idpprofile_id": null,
              "profile": "strict"
            },
            "local_routing": false,
            "name": "110_control-limited-5-VLAN451",
            "org_id": "9433bc30-0867-4bab-b4af-a26c3c6aa645",
            "path_preference": null,
            "services": [
              "ANY-UDP_53"
            ],
            "tenants": [
              "CREW_VLAN451"
            ]
          },
          "sensitive_attributes": [],
          "dependencies": [
            "mist_org.terraform_test"
          ]
        }
      ]
    },
    {
      "mode": "managed",
      "type": "mist_org_servicepolicy",
      "name": "servicepolicy_116",
      "provider": "provider[\"registry.terraform.io/juniper/mist\"]",
      "instances": [
        {
          "schema_version": 0,
          "attributes": {
            "action": "allow",
            "appqoe": null,
            "ewf": null,
            "id": "8fd95668-8d25-42bf-a702-087853353e94",
            "idp": {
              "alert_only": null,
              "enabled": false,
              "idpprofile_id": null,
              "profile": "strict"
            },
            "local_routing": false,
            "name": "188_410-492-bi-comm-4-VLAN492",
            "org_id": "9433bc30-0867-4bab-b4af-a26c3c6aa645",
            "path_preference": null,
            "services": [
              "192_168_92_50-ICMP"
            ],
            "tenants": [
              "CORE_VLAN410"
            ]
          },
          "sensitive_attributes": [],
          "dependencies": [
            "mist_org.terraform_test"
          ]
        }
      ]
    },
    {
      "mode": "managed",
      "type": "mist_org_servicepolicy",
      "name": "servicepolicy_117",
      "provider": "provider[\"registry.terraform.io/juniper/mist\"]",
      "instances": [
        {
          "schema_version": 0,
          "attributes": {
            "action": "allow",
            "appqoe": null,
            "ewf": null,
            "id": "6439e9e8-00a9-47b7-9fee-3f87403dd9eb",
            "idp": {
              "alert_only": null,
              "enabled": false,
              "idpprofile_id": null,
              "profile": "strict"
            },
            "local_routing": false,
            "name": "166a_491-control-6-VLAN491",
            "org_id": "9433bc30-0867-4bab-b4af-a26c3c6aa645",
            "path_preference": null,
            "services": [
              "10_X_Y_62-UDP_123"
            ],
            "tenants": [
              "PRIVATE_VLAN491"
            ]
          },
          "sensitive_attributes": [],
          "dependencies": [
            "mist_org.terraform_test"
          ]
        }
      ]
    },
    {
      "mode": "managed",
      "type": "mist_org_servicepolicy",
      "name": "servicepolicy_118",
      "provider": "provider[\"registry.terraform.io/juniper/mist\"]",
      "instances": [
        {
          "schema_version": 0,
          "attributes": {
            "action": "allow",
            "appqoe": null,
            "ewf": null,
            "id": "22ba5b5b-d445-41c4-8c9f-6eb9e4e555b8",
            "idp": {
              "alert_only": null,
              "enabled": false,
              "idpprofile_id": null,
              "profile": "strict"
            },
            "local_routing": false,
            "name": "176e_492-control-7-VLAN492",
            "org_id": "9433bc30-0867-4bab-b4af-a26c3c6aa645",
            "path_preference": null,
            "services": [
              "192_168_91_1-UDP_53"
            ],
            "tenants": [
              "IOT_WIRED_VLAN492"
            ]
          },
          "sensitive_attributes": [],
          "dependencies": [
            "mist_org.terraform_test"
          ]
        }
      ]
    },
    {
      "mode": "managed",
      "type": "mist_org_servicepolicy",
      "name": "servicepolicy_119",
      "provider": "provider[\"registry.terraform.io/juniper/mist\"]",
      "instances": [
        {
          "schema_version": 0,
          "attributes": {
            "action": "allow",
            "appqoe": null,
            "ewf": null,
            "id": "cf28a921-794b-45cf-964b-68cbad08dd91",
            "idp": {
              "alert_only": null,
              "enabled": false,
              "idpprofile_id": null,
              "profile": "strict"
            },
            "local_routing": false,
            "name": "166b_491-control-6-VLAN491",
            "org_id": "9433bc30-0867-4bab-b4af-a26c3c6aa645",
            "path_preference": null,
            "services": [
              "10_X_Y_129-UDP_123"
            ],
            "tenants": [
              "PRIVATE_VLAN491"
            ]
          },
          "sensitive_attributes": [],
          "dependencies": [
            "mist_org.terraform_test"
          ]
        }
      ]
    },
    {
      "mode": "managed",
      "type": "mist_org_servicepolicy",
      "name": "servicepolicy_12",
      "provider": "provider[\"registry.terraform.io/juniper/mist\"]",
      "instances": [
        {
          "schema_version": 0,
          "attributes": {
            "action": "allow",
            "appqoe": null,
            "ewf": null,
            "id": "92355982-b273-4619-b9f6-54481e58b1d9",
            "idp": {
              "alert_only": null,
              "enabled": false,
              "idpprofile_id": null,
              "profile": "strict"
            },
            "local_routing": false,
            "name": "036_410-cod-4-VLAN410",
            "org_id": "9433bc30-0867-4bab-b4af-a26c3c6aa645",
            "path_preference": null,
            "services": [
              "10_X_Y_171-TCP_225"
            ],
            "tenants": [
              "CORE_25.CORE_VLAN410"
            ]
          },
          "sensitive_attributes": [],
          "dependencies": [
            "mist_org.terraform_test"
          ]
        }
      ]
    },
    {
      "mode": "managed",
      "type": "mist_org_servicepolicy",
      "name": "servicepolicy_120",
      "provider": "provider[\"registry.terraform.io/juniper/mist\"]",
      "instances": [
        {
          "schema_version": 0,
          "attributes": {
            "action": "allow",
            "appqoe": null,
            "ewf": null,
            "id": "f807b964-339a-4d17-be9f-6099dc92e4f7",
            "idp": {
              "alert_only": null,
              "enabled": false,
              "idpprofile_id": null,
              "profile": "strict"
            },
            "local_routing": false,
            "name": "002b-ped-devices-rules-0-VLAN410",
            "org_id": "9433bc30-0867-4bab-b4af-a26c3c6aa645",
            "path_preference": null,
            "services": [
              "10_X_Y_161-UDP_53"
            ],
            "tenants": [
              "PED_DEVICES-CORE-DNS.CORE_VLAN410",
              "PED_DEVICES-RESTRICTED-DNS.RESTRICTED_VLAN420"
            ]
          },
          "sensitive_attributes": [],
          "dependencies": [
            "mist_org.terraform_test"
          ]
        }
      ]
    },
    {
      "mode": "managed",
      "type": "mist_org_servicepolicy",
      "name": "servicepolicy_121",
      "provider": "provider[\"registry.terraform.io/juniper/mist\"]",
      "instances": [
        {
          "schema_version": 0,
          "attributes": {
            "action": "allow",
            "appqoe": null,
            "ewf": null,
            "id": "df6220a7-9aff-48af-92d3-bbdbf496fbd5",
            "idp": {
              "alert_only": null,
              "enabled": false,
              "idpprofile_id": null,
              "profile": "strict"
            },
            "local_routing": false,
            "name": "166c_491-control-6-VLAN491",
            "org_id": "9433bc30-0867-4bab-b4af-a26c3c6aa645",
            "path_preference": null,
            "services": [
              "10_X_Y_161-UDP_123"
            ],
            "tenants": [
              "PRIVATE_VLAN491"
            ]
          },
          "sensitive_attributes": [],
          "dependencies": [
            "mist_org.terraform_test"
          ]
        }
      ]
    },
    {
      "mode": "managed",
      "type": "mist_org_servicepolicy",
      "name": "servicepolicy_122",
      "provider": "provider[\"registry.terraform.io/juniper/mist\"]",
      "instances": [
        {
          "schema_version": 0,
          "attributes": {
            "action": "allow",
            "appqoe": null,
            "ewf": null,
            "id": "62a694ed-7190-42a0-9bea-810edc092190",
            "idp": {
              "alert_only": null,
              "enabled": false,
              "idpprofile_id": null,
              "profile": "strict"
            },
            "local_routing": false,
            "name": "002d-ped-devices-rules-0-VLAN410",
            "org_id": "9433bc30-0867-4bab-b4af-a26c3c6aa645",
            "path_preference": null,
            "services": [
              "192_168_91_1-UDP_53"
            ],
            "tenants": [
              "PED_DEVICES-CORE-DNS.CORE_VLAN410",
              "PED_DEVICES-RESTRICTED-DNS.RESTRICTED_VLAN420"
            ]
          },
          "sensitive_attributes": [],
          "dependencies": [
            "mist_org.terraform_test"
          ]
        }
      ]
    },
    {
      "mode": "managed",
      "type": "mist_org_servicepolicy",
      "name": "servicepolicy_123",
      "provider": "provider[\"registry.terraform.io/juniper/mist\"]",
      "instances": [
        {
          "schema_version": 0,
          "attributes": {
            "action": "allow",
            "appqoe": null,
            "ewf": null,
            "id": "30390052-d2e7-417f-b794-ccf4d0075b8c",
            "idp": {
              "alert_only": null,
              "enabled": false,
              "idpprofile_id": null,
              "profile": "strict"
            },
            "local_routing": false,
            "name": "066g_ped-devices-rules-0-VLAN420",
            "org_id": "9433bc30-0867-4bab-b4af-a26c3c6aa645",
            "path_preference": null,
            "services": [
              "192_168_94_1-UDP_53"
            ],
            "tenants": [
              "PED_DEVICES-CORE-DNS.CORE_VLAN410",
              "PED_DEVICES-RESTRICTED-DNS.RESTRICTED_VLAN420"
            ]
          },
          "sensitive_attributes": [],
          "dependencies": [
            "mist_org.terraform_test"
          ]
        }
      ]
    },
    {
      "mode": "managed",
      "type": "mist_org_servicepolicy",
      "name": "servicepolicy_124",
      "provider": "provider[\"registry.terraform.io/juniper/mist\"]",
      "instances": [
        {
          "schema_version": 0,
          "attributes": {
            "action": "allow",
            "appqoe": null,
            "ewf": null,
            "id": "c391e2f3-f10e-4fa5-a13a-ee1c513be002",
            "idp": {
              "alert_only": null,
              "enabled": false,
              "idpprofile_id": null,
              "profile": "strict"
            },
            "local_routing": false,
            "name": "166f_491-control-6-VLAN491",
            "org_id": "9433bc30-0867-4bab-b4af-a26c3c6aa645",
            "path_preference": null,
            "services": [
              "192_168_94_1-UDP_123"
            ],
            "tenants": [
              "PRIVATE_VLAN491"
            ]
          },
          "sensitive_attributes": [],
          "dependencies": [
            "mist_org.terraform_test"
          ]
        }
      ]
    },
    {
      "mode": "managed",
      "type": "mist_org_servicepolicy",
      "name": "servicepolicy_125",
      "provider": "provider[\"registry.terraform.io/juniper/mist\"]",
      "instances": [
        {
          "schema_version": 0,
          "attributes": {
            "action": "allow",
            "appqoe": null,
            "ewf": null,
            "id": "2d40907a-de90-4239-a33c-5d3887d15e07",
            "idp": {
              "alert_only": null,
              "enabled": false,
              "idpprofile_id": null,
              "profile": "strict"
            },
            "local_routing": false,
            "name": "002e-ped-devices-rules-0-VLAN410",
            "org_id": "9433bc30-0867-4bab-b4af-a26c3c6aa645",
            "path_preference": null,
            "services": [
              "192_168_92_1-UDP_53"
            ],
            "tenants": [
              "PED_DEVICES-CORE-DNS.CORE_VLAN410",
              "PED_DEVICES-RESTRICTED-DNS.RESTRICTED_VLAN420"
            ]
          },
          "sensitive_attributes": [],
          "dependencies": [
            "mist_org.terraform_test"
          ]
        }
      ]
    },
    {
      "mode": "managed",
      "type": "mist_org_servicepolicy",
      "name": "servicepolicy_126",
      "provider": "provider[\"registry.terraform.io/juniper/mist\"]",
      "instances": [
        {
          "schema_version": 0,
          "attributes": {
            "action": "allow",
            "appqoe": null,
            "ewf": null,
            "id": "e059e779-f16f-4d60-96cc-28d670b9530b",
            "idp": {
              "alert_only": null,
              "enabled": false,
              "idpprofile_id": null,
              "profile": "strict"
            },
            "local_routing": false,
            "name": "167e_491-control-6-VLAN491",
            "org_id": "9433bc30-0867-4bab-b4af-a26c3c6aa645",
            "path_preference": null,
            "services": [
              "192_168_92_1-UDP_53"
            ],
            "tenants": [
              "PRIVATE_VLAN491"
            ]
          },
          "sensitive_attributes": [],
          "dependencies": [
            "mist_org.terraform_test"
          ]
        }
      ]
    },
    {
      "mode": "managed",
      "type": "mist_org_servicepolicy",
      "name": "servicepolicy_127",
      "provider": "provider[\"registry.terraform.io/juniper/mist\"]",
      "instances": [
        {
          "schema_version": 0,
          "attributes": {
            "action": "allow",
            "appqoe": null,
            "ewf": null,
            "id": "b0218e91-79f8-4329-bef2-e8d86a4dade3",
            "idp": {
              "alert_only": null,
              "enabled": false,
              "idpprofile_id": null,
              "profile": "strict"
            },
            "local_routing": false,
            "name": "003_ped-devices-rules-2-VLAN410",
            "org_id": "9433bc30-0867-4bab-b4af-a26c3c6aa645",
            "path_preference": null,
            "services": [
              "CORE-TCP-5172"
            ],
            "tenants": [
              "PED_DEVICES-RESTRICTED-DNS.RESTRICTED_VLAN420",
              "PED_DEVICES-CORE-DNS.CORE_VLAN410"
            ]
          },
          "sensitive_attributes": [],
          "dependencies": [
            "mist_org.terraform_test"
          ]
        }
      ]
    },
    {
      "mode": "managed",
      "type": "mist_org_servicepolicy",
      "name": "servicepolicy_128",
      "provider": "provider[\"registry.terraform.io/juniper/mist\"]",
      "instances": [
        {
          "schema_version": 0,
          "attributes": {
            "action": "allow",
            "appqoe": null,
            "ewf": null,
            "id": "fe281613-6e63-47c9-bc07-46a9d948285a",
            "idp": {
              "alert_only": null,
              "enabled": false,
              "idpprofile_id": null,
              "profile": "strict"
            },
            "local_routing": false,
            "name": "184_410-492-bi-comm-0-VLAN492",
            "org_id": "9433bc30-0867-4bab-b4af-a26c3c6aa645",
            "path_preference": null,
            "services": [
              "10_X_Y_25-TCP_8123"
            ],
            "tenants": [
              "IOT_WIRED_50.IOT_WIRED_VLAN492"
            ]
          },
          "sensitive_attributes": [],
          "dependencies": [
            "mist_org.terraform_test"
          ]
        }
      ]
    },
    {
      "mode": "managed",
      "type": "mist_org_servicepolicy",
      "name": "servicepolicy_129",
      "provider": "provider[\"registry.terraform.io/juniper/mist\"]",
      "instances": [
        {
          "schema_version": 0,
          "attributes": {
            "action": "allow",
            "appqoe": null,
            "ewf": null,
            "id": "08bc749a-3ba6-4325-999b-fece5020b259",
            "idp": {
              "alert_only": null,
              "enabled": false,
              "idpprofile_id": null,
              "profile": "strict"
            },
            "local_routing": false,
            "name": "167f_491-control-6-VLAN491",
            "org_id": "9433bc30-0867-4bab-b4af-a26c3c6aa645",
            "path_preference": null,
            "services": [
              "192_168_94_1-UDP_53"
            ],
            "tenants": [
              "PRIVATE_VLAN491"
            ]
          },
          "sensitive_attributes": [],
          "dependencies": [
            "mist_org.terraform_test"
          ]
        }
      ]
    },
    {
      "mode": "managed",
      "type": "mist_org_servicepolicy",
      "name": "servicepolicy_13",
      "provider": "provider[\"registry.terraform.io/juniper/mist\"]",
      "instances": [
        {
          "schema_version": 0,
          "attributes": {
            "action": "allow",
            "appqoe": null,
            "ewf": null,
            "id": "15f9dfc2-081e-4eec-ba4a-ff321453432c",
            "idp": {
              "alert_only": null,
              "enabled": false,
              "idpprofile_id": null,
              "profile": "strict"
            },
            "local_routing": false,
            "name": "173_492-control-4-VLAN492",
            "org_id": "9433bc30-0867-4bab-b4af-a26c3c6aa645",
            "path_preference": null,
            "services": [
              "10_X_Y_25-UDP_123"
            ],
            "tenants": [
              "IOT_WIRED_VLAN492"
            ]
          },
          "sensitive_attributes": [],
          "dependencies": [
            "mist_org.terraform_test"
          ]
        }
      ]
    },
    {
      "mode": "managed",
      "type": "mist_org_servicepolicy",
      "name": "servicepolicy_130",
      "provider": "provider[\"registry.terraform.io/juniper/mist\"]",
      "instances": [
        {
          "schema_version": 0,
          "attributes": {
            "action": "allow",
            "appqoe": null,
            "ewf": null,
            "id": "128767da-e48c-4151-b3b3-91e3b29981d5",
            "idp": {
              "alert_only": null,
              "enabled": false,
              "idpprofile_id": null,
              "profile": "strict"
            },
            "local_routing": false,
            "name": "066f_ped-devices-rules-0-VLAN420",
            "org_id": "9433bc30-0867-4bab-b4af-a26c3c6aa645",
            "path_preference": null,
            "services": [
              "192_168_92_1-UDP_53"
            ],
            "tenants": [
              "PED_DEVICES-CORE-DNS.CORE_VLAN410",
              "PED_DEVICES-RESTRICTED-DNS.RESTRICTED_VLAN420"
            ]
          },
          "sensitive_attributes": [],
          "dependencies": [
            "mist_org.terraform_test"
          ]
        }
      ]
    },
    {
      "mode": "managed",
      "type": "mist_org_servicepolicy",
      "name": "servicepolicy_131",
      "provider": "provider[\"registry.terraform.io/juniper/mist\"]",
      "instances": [
        {
          "schema_version": 0,
          "attributes": {
            "action": "deny",
            "appqoe": null,
            "ewf": null,
            "id": "6d2aa3ec-7e69-4d4e-9e01-b9209b912664",
            "idp": {
              "alert_only": null,
              "enabled": false,
              "idpprofile_id": null,
              "profile": "strict"
            },
            "local_routing": false,
            "name": "168_papi-block-0-VLAN492",
            "org_id": "9433bc30-0867-4bab-b4af-a26c3c6aa645",
            "path_preference": null,
            "services": [
              "ANY-UDP_8209"
            ],
            "tenants": [
              "IOT_WIRED_VLAN492"
            ]
          },
          "sensitive_attributes": [],
          "dependencies": [
            "mist_org.terraform_test"
          ]
        }
      ]
    },
    {
      "mode": "managed",
      "type": "mist_org_servicepolicy",
      "name": "servicepolicy_132",
      "provider": "provider[\"registry.terraform.io/juniper/mist\"]",
      "instances": [
        {
          "schema_version": 0,
          "attributes": {
            "action": "allow",
            "appqoe": null,
            "ewf": null,
            "id": "1a76a539-8a60-47f8-9c69-dc75cf987551",
            "idp": {
              "alert_only": null,
              "enabled": false,
              "idpprofile_id": null,
              "profile": "strict"
            },
            "local_routing": false,
            "name": "106_control-limited-0-VLAN451",
            "org_id": "9433bc30-0867-4bab-b4af-a26c3c6aa645",
            "path_preference": null,
            "services": [
              "ANY-TCP_1163",
              "ANY-TCP_8112"
            ],
            "tenants": [
              "CREW_VLAN451"
            ]
          },
          "sensitive_attributes": [],
          "dependencies": [
            "mist_org.terraform_test"
          ]
        }
      ]
    },
    {
      "mode": "managed",
      "type": "mist_org_servicepolicy",
      "name": "servicepolicy_133",
      "provider": "provider[\"registry.terraform.io/juniper/mist\"]",
      "instances": [
        {
          "schema_version": 0,
          "attributes": {
            "action": "allow",
            "appqoe": null,
            "ewf": null,
            "id": "63c3328b-c374-442e-807b-8a7ab61a85c3",
            "idp": {
              "alert_only": null,
              "enabled": false,
              "idpprofile_id": null,
              "profile": "strict"
            },
            "local_routing": false,
            "name": "183_pk-test-492-410-r1-VLAN492",
            "org_id": "9433bc30-0867-4bab-b4af-a26c3c6aa645",
            "path_preference": null,
            "services": [
              "10_X_Y_25-TCP_8883"
            ],
            "tenants": [
              "Gr2_IoT_Wired.IOT_WIRED_VLAN492"
            ]
          },
          "sensitive_attributes": [],
          "dependencies": [
            "mist_org.terraform_test"
          ]
        }
      ]
    },
    {
      "mode": "managed",
      "type": "mist_org_servicepolicy",
      "name": "servicepolicy_134",
      "provider": "provider[\"registry.terraform.io/juniper/mist\"]",
      "instances": [
        {
          "schema_version": 0,
          "attributes": {
            "action": "deny",
            "appqoe": null,
            "ewf": null,
            "id": "47979a1d-9b34-4319-89a6-7a396cab8f5c",
            "idp": {
              "alert_only": null,
              "enabled": false,
              "idpprofile_id": null,
              "profile": "strict"
            },
            "local_routing": false,
            "name": "169_papi-block-1-VLAN492",
            "org_id": "9433bc30-0867-4bab-b4af-a26c3c6aa645",
            "path_preference": null,
            "services": [
              "ANY-UDP_8211"
            ],
            "tenants": [
              "IOT_WIRED_VLAN492"
            ]
          },
          "sensitive_attributes": [],
          "dependencies": [
            "mist_org.terraform_test"
          ]
        }
      ]
    },
    {
      "mode": "managed",
      "type": "mist_org_servicepolicy",
      "name": "servicepolicy_135",
      "provider": "provider[\"registry.terraform.io/juniper/mist\"]",
      "instances": [
        {
          "schema_version": 0,
          "attributes": {
            "action": "allow",
            "appqoe": null,
            "ewf": null,
            "id": "412460f3-3a32-4d00-ab7c-d16c4db140b0",
            "idp": {
              "alert_only": null,
              "enabled": false,
              "idpprofile_id": null,
              "profile": "strict"
            },
            "local_routing": false,
            "name": "017_410-420-bi-com-0-VLAN410",
            "org_id": "9433bc30-0867-4bab-b4af-a26c3c6aa645",
            "path_preference": null,
            "services": [
              "10_X_Y_128-27-TCP_8123"
            ],
            "tenants": [
              "CORE_1.CORE_VLAN410",
              "CORE_25.CORE_VLAN410"
            ]
          },
          "sensitive_attributes": [],
          "dependencies": [
            "mist_org.terraform_test"
          ]
        }
      ]
    },
    {
      "mode": "managed",
      "type": "mist_org_servicepolicy",
      "name": "servicepolicy_136",
      "provider": "provider[\"registry.terraform.io/juniper/mist\"]",
      "instances": [
        {
          "schema_version": 0,
          "attributes": {
            "action": "allow",
            "appqoe": null,
            "ewf": null,
            "id": "d318be12-6444-4528-8dd5-26bd328f50d6",
            "idp": {
              "alert_only": null,
              "enabled": false,
              "idpprofile_id": null,
              "profile": "strict"
            },
            "local_routing": false,
            "name": "172_492-control-3-VLAN492",
            "org_id": "9433bc30-0867-4bab-b4af-a26c3c6aa645",
            "path_preference": null,
            "services": [
              "ICMP_ANY"
            ],
            "tenants": [
              "IOT_WIRED_VLAN492"
            ]
          },
          "sensitive_attributes": [],
          "dependencies": [
            "mist_org.terraform_test"
          ]
        }
      ]
    },
    {
      "mode": "managed",
      "type": "mist_org_servicepolicy",
      "name": "servicepolicy_137",
      "provider": "provider[\"registry.terraform.io/juniper/mist\"]",
      "instances": [
        {
          "schema_version": 0,
          "attributes": {
            "action": "allow",
            "appqoe": null,
            "ewf": null,
            "id": "e76b7dc2-9c88-4d76-a8a6-66b2b4149bcc",
            "idp": {
              "alert_only": null,
              "enabled": false,
              "idpprofile_id": null,
              "profile": "strict"
            },
            "local_routing": false,
            "name": "066a_ped-devices-rules-0-VLAN420",
            "org_id": "9433bc30-0867-4bab-b4af-a26c3c6aa645",
            "path_preference": null,
            "services": [
              "10_X_Y_62-UDP_53"
            ],
            "tenants": [
              "PED_DEVICES-CORE-DNS.CORE_VLAN410",
              "PED_DEVICES-RESTRICTED-DNS.RESTRICTED_VLAN420"
            ]
          },
          "sensitive_attributes": [],
          "dependencies": [
            "mist_org.terraform_test"
          ]
        }
      ]
    },
    {
      "mode": "managed",
      "type": "mist_org_servicepolicy",
      "name": "servicepolicy_138",
      "provider": "provider[\"registry.terraform.io/juniper/mist\"]",
      "instances": [
        {
          "schema_version": 0,
          "attributes": {
            "action": "allow",
            "appqoe": null,
            "ewf": null,
            "id": "003b05e8-7c80-4591-98d1-2248f6a36d2f",
            "idp": {
              "alert_only": null,
              "enabled": false,
              "idpprofile_id": null,
              "profile": "strict"
            },
            "local_routing": false,
            "name": "069_ped-devices-rules-4-VLAN420",
            "org_id": "9433bc30-0867-4bab-b4af-a26c3c6aa645",
            "path_preference": null,
            "services": [
              "RESTRICTED-TCP-5015"
            ],
            "tenants": [
              "PED_DEVICES-CORE-TCP-5015.CORE_VLAN410"
            ]
          },
          "sensitive_attributes": [],
          "dependencies": [
            "mist_org.terraform_test"
          ]
        }
      ]
    },
    {
      "mode": "managed",
      "type": "mist_org_servicepolicy",
      "name": "servicepolicy_139",
      "provider": "provider[\"registry.terraform.io/juniper/mist\"]",
      "instances": [
        {
          "schema_version": 0,
          "attributes": {
            "action": "allow",
            "appqoe": null,
            "ewf": null,
            "id": "14898e81-8420-4cb4-99a5-b276e80821e2",
            "idp": {
              "alert_only": null,
              "enabled": false,
              "idpprofile_id": null,
              "profile": "strict"
            },
            "local_routing": false,
            "name": "066b_ped-devices-rules-0-VLAN420",
            "org_id": "9433bc30-0867-4bab-b4af-a26c3c6aa645",
            "path_preference": null,
            "services": [
              "10_X_Y_129-UDP_53"
            ],
            "tenants": [
              "PED_DEVICES-CORE-DNS.CORE_VLAN410",
              "PED_DEVICES-RESTRICTED-DNS.RESTRICTED_VLAN420"
            ]
          },
          "sensitive_attributes": [],
          "dependencies": [
            "mist_org.terraform_test"
          ]
        }
      ]
    },
    {
      "mode": "managed",
      "type": "mist_org_servicepolicy",
      "name": "servicepolicy_14",
      "provider": "provider[\"registry.terraform.io/juniper/mist\"]",
      "instances": [
        {
          "schema_version": 0,
          "attributes": {
            "action": "allow",
            "appqoe": null,
            "ewf": null,
            "id": "04097f0b-3f1b-4cb3-987a-7d3bc1ec79ca",
            "idp": {
              "alert_only": null,
              "enabled": false,
              "idpprofile_id": null,
              "profile": "strict"
            },
            "local_routing": false,
            "name": "016_qsrsoft-vm-rules-4-VLAN410",
            "org_id": "9433bc30-0867-4bab-b4af-a26c3c6aa645",
            "path_preference": null,
            "services": [
              "ANY-TCP_443"
            ],
            "tenants": [
              "CORE_23.CORE_VLAN410",
              "CORE_24.CORE_VLAN410"
            ]
          },
          "sensitive_attributes": [],
          "dependencies": [
            "mist_org.terraform_test"
          ]
        }
      ]
    },
    {
      "mode": "managed",
      "type": "mist_org_servicepolicy",
      "name": "servicepolicy_140",
      "provider": "provider[\"registry.terraform.io/juniper/mist\"]",
      "instances": [
        {
          "schema_version": 0,
          "attributes": {
            "action": "allow",
            "appqoe": null,
            "ewf": null,
            "id": "9b8047a0-23e9-455b-8a1f-46b09c07a648",
            "idp": {
              "alert_only": null,
              "enabled": false,
              "idpprofile_id": null,
              "profile": "strict"
            },
            "local_routing": false,
            "name": "070_ped-devices-rules-5-VLAN420",
            "org_id": "9433bc30-0867-4bab-b4af-a26c3c6aa645",
            "path_preference": null,
            "services": [
              "RESTRICTED-TCP-5016"
            ],
            "tenants": [
              "PED_DEVICES-CORE-TCP-5015.CORE_VLAN410"
            ]
          },
          "sensitive_attributes": [],
          "dependencies": [
            "mist_org.terraform_test"
          ]
        }
      ]
    },
    {
      "mode": "managed",
      "type": "mist_org_servicepolicy",
      "name": "servicepolicy_141",
      "provider": "provider[\"registry.terraform.io/juniper/mist\"]",
      "instances": [
        {
          "schema_version": 0,
          "attributes": {
            "action": "allow",
            "appqoe": null,
            "ewf": null,
            "id": "1c5d3690-c36c-4264-9f76-fd7a4123e453",
            "idp": {
              "alert_only": null,
              "enabled": false,
              "idpprofile_id": null,
              "profile": "strict"
            },
            "local_routing": false,
            "name": "176a_492-control-7-VLAN492",
            "org_id": "9433bc30-0867-4bab-b4af-a26c3c6aa645",
            "path_preference": null,
            "services": [
              "10_X_Y_62-UDP_53"
            ],
            "tenants": [
              "IOT_WIRED_VLAN492"
            ]
          },
          "sensitive_attributes": [],
          "dependencies": [
            "mist_org.terraform_test"
          ]
        }
      ]
    },
    {
      "mode": "managed",
      "type": "mist_org_servicepolicy",
      "name": "servicepolicy_142",
      "provider": "provider[\"registry.terraform.io/juniper/mist\"]",
      "instances": [
        {
          "schema_version": 0,
          "attributes": {
            "action": "allow",
            "appqoe": null,
            "ewf": null,
            "id": "71832ba3-acf7-4276-9db9-3dd3ee9b0b05",
            "idp": {
              "alert_only": null,
              "enabled": false,
              "idpprofile_id": null,
              "profile": "strict"
            },
            "local_routing": false,
            "name": "092_410-cod-9-VLAN430",
            "org_id": "9433bc30-0867-4bab-b4af-a26c3c6aa645",
            "path_preference": null,
            "services": [
              "10_X_Y_172-TCP_225"
            ],
            "tenants": [
              "CORE_12.CORE_VLAN410"
            ]
          },
          "sensitive_attributes": [],
          "dependencies": [
            "mist_org.terraform_test"
          ]
        }
      ]
    },
    {
      "mode": "managed",
      "type": "mist_org_servicepolicy",
      "name": "servicepolicy_143",
      "provider": "provider[\"registry.terraform.io/juniper/mist\"]",
      "instances": [
        {
          "schema_version": 0,
          "attributes": {
            "action": "allow",
            "appqoe": null,
            "ewf": null,
            "id": "44c04c24-e0bf-44ea-8d68-053241813bf7",
            "idp": {
              "alert_only": null,
              "enabled": false,
              "idpprofile_id": null,
              "profile": "strict"
            },
            "local_routing": false,
            "name": "232c_494-control-6-VLAN494",
            "org_id": "9433bc30-0867-4bab-b4af-a26c3c6aa645",
            "path_preference": null,
            "services": [
              "10_X_Y_161-UDP_123"
            ],
            "tenants": [
              "IOT_WIRELESS_VLAN494"
            ]
          },
          "sensitive_attributes": [],
          "dependencies": [
            "mist_org.terraform_test"
          ]
        }
      ]
    },
    {
      "mode": "managed",
      "type": "mist_org_servicepolicy",
      "name": "servicepolicy_144",
      "provider": "provider[\"registry.terraform.io/juniper/mist\"]",
      "instances": [
        {
          "schema_version": 0,
          "attributes": {
            "action": "allow",
            "appqoe": null,
            "ewf": null,
            "id": "e73e4305-75b9-413e-abf5-d749f1793738",
            "idp": {
              "alert_only": null,
              "enabled": false,
              "idpprofile_id": null,
              "profile": "strict"
            },
            "local_routing": false,
            "name": "066c_ped-devices-rules-0-VLAN420",
            "org_id": "9433bc30-0867-4bab-b4af-a26c3c6aa645",
            "path_preference": null,
            "services": [
              "10_X_Y_161-UDP_53"
            ],
            "tenants": [
              "PED_DEVICES-CORE-DNS.CORE_VLAN410",
              "PED_DEVICES-RESTRICTED-DNS.RESTRICTED_VLAN420"
            ]
          },
          "sensitive_attributes": [],
          "dependencies": [
            "mist_org.terraform_test"
          ]
        }
      ]
    },
    {
      "mode": "managed",
      "type": "mist_org_servicepolicy",
      "name": "servicepolicy_145",
      "provider": "provider[\"registry.terraform.io/juniper/mist\"]",
      "instances": [
        {
          "schema_version": 0,
          "attributes": {
            "action": "allow",
            "appqoe": null,
            "ewf": null,
            "id": "20e4948e-2aa0-4329-af42-9c6c7fba0a3c",
            "idp": {
              "alert_only": null,
              "enabled": false,
              "idpprofile_id": null,
              "profile": "strict"
            },
            "local_routing": false,
            "name": "107_control-limited-2-VLAN451",
            "org_id": "9433bc30-0867-4bab-b4af-a26c3c6aa645",
            "path_preference": null,
            "services": [
              "ANY-UDP_67",
              "ANY-UDP_68"
            ],
            "tenants": [
              "CREW_VLAN451"
            ]
          },
          "sensitive_attributes": [],
          "dependencies": [
            "mist_org.terraform_test"
          ]
        }
      ]
    },
    {
      "mode": "managed",
      "type": "mist_org_servicepolicy",
      "name": "servicepolicy_146",
      "provider": "provider[\"registry.terraform.io/juniper/mist\"]",
      "instances": [
        {
          "schema_version": 0,
          "attributes": {
            "action": "allow",
            "appqoe": null,
            "ewf": null,
            "id": "60eef74d-ea3e-43ca-be8a-5f18b9a7f97d",
            "idp": {
              "alert_only": null,
              "enabled": false,
              "idpprofile_id": null,
              "profile": "strict"
            },
            "local_routing": false,
            "name": "187_410-492-bi-comm-3-VLAN492",
            "org_id": "9433bc30-0867-4bab-b4af-a26c3c6aa645",
            "path_preference": null,
            "services": [
              "192_168_92_50-ICMP"
            ],
            "tenants": [
              "CORE_VLAN410"
            ]
          },
          "sensitive_attributes": [],
          "dependencies": [
            "mist_org.terraform_test"
          ]
        }
      ]
    },
    {
      "mode": "managed",
      "type": "mist_org_servicepolicy",
      "name": "servicepolicy_147",
      "provider": "provider[\"registry.terraform.io/juniper/mist\"]",
      "instances": [
        {
          "schema_version": 0,
          "attributes": {
            "action": "allow",
            "appqoe": null,
            "ewf": null,
            "id": "dc692020-3d05-43c8-81f2-83d705e6220b",
            "idp": {
              "alert_only": null,
              "enabled": false,
              "idpprofile_id": null,
              "profile": "strict"
            },
            "local_routing": false,
            "name": "072_410-420-bi-com-1-VLAN420",
            "org_id": "9433bc30-0867-4bab-b4af-a26c3c6aa645",
            "path_preference": null,
            "services": [
              "CORE_1_25-TCP-8123"
            ],
            "tenants": [
              "RESTRICTED_VLAN420"
            ]
          },
          "sensitive_attributes": [],
          "dependencies": [
            "mist_org.terraform_test"
          ]
        }
      ]
    },
    {
      "mode": "managed",
      "type": "mist_org_servicepolicy",
      "name": "servicepolicy_148",
      "provider": "provider[\"registry.terraform.io/juniper/mist\"]",
      "instances": [
        {
          "schema_version": 0,
          "attributes": {
            "action": "deny",
            "appqoe": null,
            "ewf": null,
            "id": "bee855ce-9fb6-4cb6-bdd9-57b59aec0c15",
            "idp": {
              "alert_only": null,
              "enabled": false,
              "idpprofile_id": null,
              "profile": "strict"
            },
            "local_routing": false,
            "name": "226_papi-block-1-VLAN494",
            "org_id": "9433bc30-0867-4bab-b4af-a26c3c6aa645",
            "path_preference": null,
            "services": [
              "ANY-UDP_8211"
            ],
            "tenants": [
              "IOT_WIRELESS_VLAN494"
            ]
          },
          "sensitive_attributes": [],
          "dependencies": [
            "mist_org.terraform_test"
          ]
        }
      ]
    },
    {
      "mode": "managed",
      "type": "mist_org_servicepolicy",
      "name": "servicepolicy_149",
      "provider": "provider[\"registry.terraform.io/juniper/mist\"]",
      "instances": [
        {
          "schema_version": 0,
          "attributes": {
            "action": "allow",
            "appqoe": null,
            "ewf": null,
            "id": "3250e406-8b6c-4439-b578-dd7df9c7b577",
            "idp": {
              "alert_only": null,
              "enabled": false,
              "idpprofile_id": null,
              "profile": "strict"
            },
            "local_routing": false,
            "name": "066e_ped-devices-rules-0-VLAN420",
            "org_id": "9433bc30-0867-4bab-b4af-a26c3c6aa645",
            "path_preference": null,
            "services": [
              "192_168_91_1-UDP_53"
            ],
            "tenants": [
              "PED_DEVICES-CORE-DNS.CORE_VLAN410",
              "PED_DEVICES-RESTRICTED-DNS.RESTRICTED_VLAN420"
            ]
          },
          "sensitive_attributes": [],
          "dependencies": [
            "mist_org.terraform_test"
          ]
        }
      ]
    },
    {
      "mode": "managed",
      "type": "mist_org_servicepolicy",
      "name": "servicepolicy_15",
      "provider": "provider[\"registry.terraform.io/juniper/mist\"]",
      "instances": [
        {
          "schema_version": 0,
          "attributes": {
            "action": "allow",
            "appqoe": null,
            "ewf": null,
            "id": "90c643bb-04d5-49be-96ff-29704c10651b",
            "idp": {
              "alert_only": null,
              "enabled": false,
              "idpprofile_id": null,
              "profile": "strict"
            },
            "local_routing": false,
            "name": "177_pk-test-494-492-r0-VLAN492",
            "org_id": "9433bc30-0867-4bab-b4af-a26c3c6aa645",
            "path_preference": null,
            "services": [
              "Gr2_IoT_Wired"
            ],
            "tenants": [
              "IOT_WIRELESS_VLAN494"
            ]
          },
          "sensitive_attributes": [],
          "dependencies": [
            "mist_org.terraform_test"
          ]
        }
      ]
    },
    {
      "mode": "managed",
      "type": "mist_org_servicepolicy",
      "name": "servicepolicy_150",
      "provider": "provider[\"registry.terraform.io/juniper/mist\"]",
      "instances": [
        {
          "schema_version": 0,
          "attributes": {
            "action": "allow",
            "appqoe": null,
            "ewf": null,
            "id": "5667eccf-e163-408a-bf21-cccd0314b390",
            "idp": {
              "alert_only": null,
              "enabled": false,
              "idpprofile_id": null,
              "profile": "strict"
            },
            "local_routing": false,
            "name": "189_410-492-bi-comm-5-VLAN492",
            "org_id": "9433bc30-0867-4bab-b4af-a26c3c6aa645",
            "path_preference": null,
            "services": [
              "192_168_92_192-26-TCP_22500"
            ],
            "tenants": [
              "CORE_VLAN410"
            ]
          },
          "sensitive_attributes": [],
          "dependencies": [
            "mist_org.terraform_test"
          ]
        }
      ]
    },
    {
      "mode": "managed",
      "type": "mist_org_servicepolicy",
      "name": "servicepolicy_151",
      "provider": "provider[\"registry.terraform.io/juniper/mist\"]",
      "instances": [
        {
          "schema_version": 0,
          "attributes": {
            "action": "allow",
            "appqoe": null,
            "ewf": null,
            "id": "5a59929e-3902-46ae-bab4-74b52cb80837",
            "idp": {
              "alert_only": null,
              "enabled": false,
              "idpprofile_id": null,
              "profile": "strict"
            },
            "local_routing": false,
            "name": "073_410-dmb-0-VLAN430",
            "org_id": "9433bc30-0867-4bab-b4af-a26c3c6aa645",
            "path_preference": null,
            "services": [
              "10_X_Y_160-27-TCP_4983"
            ],
            "tenants": [
              "CORE_25.CORE_VLAN410"
            ]
          },
          "sensitive_attributes": [],
          "dependencies": [
            "mist_org.terraform_test"
          ]
        }
      ]
    },
    {
      "mode": "managed",
      "type": "mist_org_servicepolicy",
      "name": "servicepolicy_152",
      "provider": "provider[\"registry.terraform.io/juniper/mist\"]",
      "instances": [
        {
          "schema_version": 0,
          "attributes": {
            "action": "allow",
            "appqoe": null,
            "ewf": null,
            "id": "861de4c7-af21-4c5c-8d29-378a6e95bd2d",
            "idp": {
              "alert_only": null,
              "enabled": false,
              "idpprofile_id": null,
              "profile": "strict"
            },
            "local_routing": false,
            "name": "175e_492-control-7-VLAN492",
            "org_id": "9433bc30-0867-4bab-b4af-a26c3c6aa645",
            "path_preference": null,
            "services": [
              "192_168_91_1-UDP_123"
            ],
            "tenants": [
              "IOT_WIRED_VLAN492"
            ]
          },
          "sensitive_attributes": [],
          "dependencies": [
            "mist_org.terraform_test"
          ]
        }
      ]
    },
    {
      "mode": "managed",
      "type": "mist_org_servicepolicy",
      "name": "servicepolicy_153",
      "provider": "provider[\"registry.terraform.io/juniper/mist\"]",
      "instances": [
        {
          "schema_version": 0,
          "attributes": {
            "action": "allow",
            "appqoe": null,
            "ewf": null,
            "id": "ffee3003-60d3-490b-ba15-2acc1406b779",
            "idp": {
              "alert_only": null,
              "enabled": false,
              "idpprofile_id": null,
              "profile": "strict"
            },
            "local_routing": false,
            "name": "190_410-492-bi-comm-6-VLAN492",
            "org_id": "9433bc30-0867-4bab-b4af-a26c3c6aa645",
            "path_preference": null,
            "services": [
              "192_168_92_192-26-TCP_22501"
            ],
            "tenants": [
              "CORE_VLAN410"
            ]
          },
          "sensitive_attributes": [],
          "dependencies": [
            "mist_org.terraform_test"
          ]
        }
      ]
    },
    {
      "mode": "managed",
      "type": "mist_org_servicepolicy",
      "name": "servicepolicy_154",
      "provider": "provider[\"registry.terraform.io/juniper/mist\"]",
      "instances": [
        {
          "schema_version": 0,
          "attributes": {
            "action": "allow",
            "appqoe": null,
            "ewf": null,
            "id": "f8cb3b78-5c60-4bfa-a118-648664475459",
            "idp": {
              "alert_only": null,
              "enabled": false,
              "idpprofile_id": null,
              "profile": "strict"
            },
            "local_routing": false,
            "name": "002a-ped-devices-rules-0-VLAN410",
            "org_id": "9433bc30-0867-4bab-b4af-a26c3c6aa645",
            "path_preference": null,
            "services": [
              "10_X_Y_129-UDP_53"
            ],
            "tenants": [
              "PED_DEVICES-CORE-DNS.CORE_VLAN410"
            ]
          },
          "sensitive_attributes": [],
          "dependencies": [
            "mist_org.terraform_test"
          ]
        }
      ]
    },
    {
      "mode": "managed",
      "type": "mist_org_servicepolicy",
      "name": "servicepolicy_155",
      "provider": "provider[\"registry.terraform.io/juniper/mist\"]",
      "instances": [
        {
          "schema_version": 0,
          "attributes": {
            "action": "allow",
            "appqoe": null,
            "ewf": null,
            "id": "b7d5eedd-6064-4662-8ca0-eaea33419c81",
            "idp": {
              "alert_only": null,
              "enabled": false,
              "idpprofile_id": null,
              "profile": "strict"
            },
            "local_routing": false,
            "name": "074_410-dmb-1-VLAN430",
            "org_id": "9433bc30-0867-4bab-b4af-a26c3c6aa645",
            "path_preference": null,
            "services": [
              "10_X_Y_0-25-ANY"
            ],
            "tenants": [
              "RESTRICTED_VLAN420"
            ]
          },
          "sensitive_attributes": [],
          "dependencies": [
            "mist_org.terraform_test"
          ]
        }
      ]
    },
    {
      "mode": "managed",
      "type": "mist_org_servicepolicy",
      "name": "servicepolicy_156",
      "provider": "provider[\"registry.terraform.io/juniper/mist\"]",
      "instances": [
        {
          "schema_version": 0,
          "attributes": {
            "action": "allow",
            "appqoe": null,
            "ewf": null,
            "id": "5bed97ae-b063-46c0-ab3e-d3ade85c2f0f",
            "idp": {
              "alert_only": null,
              "enabled": false,
              "idpprofile_id": null,
              "profile": "strict"
            },
            "local_routing": false,
            "name": "191_410-492-bi-comm-7-VLAN492",
            "org_id": "9433bc30-0867-4bab-b4af-a26c3c6aa645",
            "path_preference": null,
            "services": [
              "10_X_Y_0-25-TCP_22500"
            ],
            "tenants": [
              "Gr_IoT_WIRED.IOT_WIRED_VLAN492"
            ]
          },
          "sensitive_attributes": [],
          "dependencies": [
            "mist_org.terraform_test"
          ]
        }
      ]
    },
    {
      "mode": "managed",
      "type": "mist_org_servicepolicy",
      "name": "servicepolicy_157",
      "provider": "provider[\"registry.terraform.io/juniper/mist\"]",
      "instances": [
        {
          "schema_version": 0,
          "attributes": {
            "action": "allow",
            "appqoe": null,
            "ewf": null,
            "id": "cc58d199-8668-40a0-a05a-e91d6f6bee53",
            "idp": {
              "alert_only": null,
              "enabled": false,
              "idpprofile_id": null,
              "profile": "strict"
            },
            "local_routing": false,
            "name": "148_control-vlan-490-0-VLAN490",
            "org_id": "9433bc30-0867-4bab-b4af-a26c3c6aa645",
            "path_preference": null,
            "services": [
              "ANY-TCP_1163",
              "ANY-TCP_8112"
            ],
            "tenants": [
              "UNTRUSTED_VLAN490"
            ]
          },
          "sensitive_attributes": [],
          "dependencies": [
            "mist_org.terraform_test"
          ]
        }
      ]
    },
    {
      "mode": "managed",
      "type": "mist_org_servicepolicy",
      "name": "servicepolicy_158",
      "provider": "provider[\"registry.terraform.io/juniper/mist\"]",
      "instances": [
        {
          "schema_version": 0,
          "attributes": {
            "action": "allow",
            "appqoe": null,
            "ewf": null,
            "id": "be39debe-1f3d-4a9b-88e6-c899cf443199",
            "idp": {
              "alert_only": null,
              "enabled": false,
              "idpprofile_id": null,
              "profile": "strict"
            },
            "local_routing": false,
            "name": "005_ped-devices-rules-4-VLAN410",
            "org_id": "9433bc30-0867-4bab-b4af-a26c3c6aa645",
            "path_preference": null,
            "services": [
              "RESTRICTED-TCP-5015"
            ],
            "tenants": [
              "PED_DEVICES-CORE-TCP-5015.CORE_VLAN410"
            ]
          },
          "sensitive_attributes": [],
          "dependencies": [
            "mist_org.terraform_test"
          ]
        }
      ]
    },
    {
      "mode": "managed",
      "type": "mist_org_servicepolicy",
      "name": "servicepolicy_159",
      "provider": "provider[\"registry.terraform.io/juniper/mist\"]",
      "instances": [
        {
          "schema_version": 0,
          "attributes": {
            "action": "allow",
            "appqoe": null,
            "ewf": null,
            "id": "eee6c803-9e2b-47ff-96b8-a7de7f0a0d9d",
            "idp": {
              "alert_only": null,
              "enabled": false,
              "idpprofile_id": null,
              "profile": "strict"
            },
            "local_routing": false,
            "name": "076_410-dmb-3-VLAN430",
            "org_id": "9433bc30-0867-4bab-b4af-a26c3c6aa645",
            "path_preference": null,
            "services": [
              "10_X_Y_160-27-TCP_22500"
            ],
            "tenants": [
              "CORE_VLAN410"
            ]
          },
          "sensitive_attributes": [],
          "dependencies": [
            "mist_org.terraform_test"
          ]
        }
      ]
    },
    {
      "mode": "managed",
      "type": "mist_org_servicepolicy",
      "name": "servicepolicy_16",
      "provider": "provider[\"registry.terraform.io/juniper/mist\"]",
      "instances": [
        {
          "schema_version": 0,
          "attributes": {
            "action": "allow",
            "appqoe": null,
            "ewf": null,
            "id": "ed018361-c971-4cd0-81db-2c7a917d06b4",
            "idp": {
              "alert_only": null,
              "enabled": false,
              "idpprofile_id": null,
              "profile": "strict"
            },
            "local_routing": false,
            "name": "063_livestore-sec-cam-3-VLAN410",
            "org_id": "9433bc30-0867-4bab-b4af-a26c3c6aa645",
            "path_preference": null,
            "services": [
              "192_168_90_130-TCP_2002"
            ],
            "tenants": [
              "CORE_51.CORE_VLAN410"
            ]
          },
          "sensitive_attributes": [],
          "dependencies": [
            "mist_org.terraform_test"
          ]
        }
      ]
    },
    {
      "mode": "managed",
      "type": "mist_org_servicepolicy",
      "name": "servicepolicy_160",
      "provider": "provider[\"registry.terraform.io/juniper/mist\"]",
      "instances": [
        {
          "schema_version": 0,
          "attributes": {
            "action": "allow",
            "appqoe": null,
            "ewf": null,
            "id": "734ca345-1062-4ad3-a16b-e50280f0b9c2",
            "idp": {
              "alert_only": null,
              "enabled": false,
              "idpprofile_id": null,
              "profile": "strict"
            },
            "local_routing": false,
            "name": "149_control-vlan-490-1-VLAN490",
            "org_id": "9433bc30-0867-4bab-b4af-a26c3c6aa645",
            "path_preference": null,
            "services": [
              "ANY-UDP_67",
              "ANY-UDP_68"
            ],
            "tenants": [
              "UNTRUSTED_VLAN490"
            ]
          },
          "sensitive_attributes": [],
          "dependencies": [
            "mist_org.terraform_test"
          ]
        }
      ]
    },
    {
      "mode": "managed",
      "type": "mist_org_servicepolicy",
      "name": "servicepolicy_161",
      "provider": "provider[\"registry.terraform.io/juniper/mist\"]",
      "instances": [
        {
          "schema_version": 0,
          "attributes": {
            "action": "allow",
            "appqoe": null,
            "ewf": null,
            "id": "45e8318c-8eb0-4858-ac8e-b7ed717e69da",
            "idp": {
              "alert_only": null,
              "enabled": false,
              "idpprofile_id": null,
              "profile": "strict"
            },
            "local_routing": false,
            "name": "007_pk-test-492-410-r0-VLAN410",
            "org_id": "9433bc30-0867-4bab-b4af-a26c3c6aa645",
            "path_preference": null,
            "services": [
              "10_X_Y_25-TCP_1883"
            ],
            "tenants": [
              "Gr2_IoT_Wired.IOT_WIRED_VLAN492"
            ]
          },
          "sensitive_attributes": [],
          "dependencies": [
            "mist_org.terraform_test"
          ]
        }
      ]
    },
    {
      "mode": "managed",
      "type": "mist_org_servicepolicy",
      "name": "servicepolicy_162",
      "provider": "provider[\"registry.terraform.io/juniper/mist\"]",
      "instances": [
        {
          "schema_version": 0,
          "attributes": {
            "action": "allow",
            "appqoe": null,
            "ewf": null,
            "id": "e24defe3-5016-42d6-9528-1d7e2c28ddd7",
            "idp": {
              "alert_only": null,
              "enabled": false,
              "idpprofile_id": null,
              "profile": "strict"
            },
            "local_routing": false,
            "name": "077_410-dmb-4-VLAN430",
            "org_id": "9433bc30-0867-4bab-b4af-a26c3c6aa645",
            "path_preference": null,
            "services": [
              "10_X_Y_160-27-TCP_22501"
            ],
            "tenants": [
              "CORE_VLAN410"
            ]
          },
          "sensitive_attributes": [],
          "dependencies": [
            "mist_org.terraform_test"
          ]
        }
      ]
    },
    {
      "mode": "managed",
      "type": "mist_org_servicepolicy",
      "name": "servicepolicy_163",
      "provider": "provider[\"registry.terraform.io/juniper/mist\"]",
      "instances": [
        {
          "schema_version": 0,
          "attributes": {
            "action": "allow",
            "appqoe": null,
            "ewf": null,
            "id": "9c9b462f-103e-4bef-a575-3e471b33b984",
            "idp": {
              "alert_only": null,
              "enabled": false,
              "idpprofile_id": null,
              "profile": "strict"
            },
            "local_routing": false,
            "name": "175b_492-control-5-VLAN492",
            "org_id": "9433bc30-0867-4bab-b4af-a26c3c6aa645",
            "path_preference": null,
            "services": [
              "10_X_Y_129-UDP_123"
            ],
            "tenants": [
              "IOT_WIRED_VLAN492"
            ]
          },
          "sensitive_attributes": [],
          "dependencies": [
            "mist_org.terraform_test"
          ]
        }
      ]
    },
    {
      "mode": "managed",
      "type": "mist_org_servicepolicy",
      "name": "servicepolicy_164",
      "provider": "provider[\"registry.terraform.io/juniper/mist\"]",
      "instances": [
        {
          "schema_version": 0,
          "attributes": {
            "action": "allow",
            "appqoe": null,
            "ewf": null,
            "id": "135b4c4e-10eb-4765-b908-59d571ac8ea2",
            "idp": {
              "alert_only": null,
              "enabled": false,
              "idpprofile_id": null,
              "profile": "strict"
            },
            "local_routing": false,
            "name": "161_491-control-0-VLAN491",
            "org_id": "9433bc30-0867-4bab-b4af-a26c3c6aa645",
            "path_preference": null,
            "services": [
              "ANY-TCP_1163",
              "ANY-TCP_8112"
            ],
            "tenants": [
              "PRIVATE_VLAN491"
            ]
          },
          "sensitive_attributes": [],
          "dependencies": [
            "mist_org.terraform_test"
          ]
        }
      ]
    },
    {
      "mode": "managed",
      "type": "mist_org_servicepolicy",
      "name": "servicepolicy_165",
      "provider": "provider[\"registry.terraform.io/juniper/mist\"]",
      "instances": [
        {
          "schema_version": 0,
          "attributes": {
            "action": "allow",
            "appqoe": null,
            "ewf": null,
            "id": "5d023834-6c25-43de-8a91-68815dc0e34f",
            "idp": {
              "alert_only": null,
              "enabled": false,
              "idpprofile_id": null,
              "profile": "strict"
            },
            "local_routing": false,
            "name": "186_410-492-bi-comm-2-VLAN492",
            "org_id": "9433bc30-0867-4bab-b4af-a26c3c6aa645",
            "path_preference": null,
            "services": [
              "10_X_Y_51-ICMP"
            ],
            "tenants": [
              "IOT_WIRED_50.IOT_WIRED_VLAN492"
            ]
          },
          "sensitive_attributes": [],
          "dependencies": [
            "mist_org.terraform_test"
          ]
        }
      ]
    },
    {
      "mode": "managed",
      "type": "mist_org_servicepolicy",
      "name": "servicepolicy_166",
      "provider": "provider[\"registry.terraform.io/juniper/mist\"]",
      "instances": [
        {
          "schema_version": 0,
          "attributes": {
            "action": "allow",
            "appqoe": null,
            "ewf": null,
            "id": "e9ef487d-c810-4a4b-be45-d431143799a7",
            "idp": {
              "alert_only": null,
              "enabled": false,
              "idpprofile_id": null,
              "profile": "strict"
            },
            "local_routing": false,
            "name": "006_ped-devices-rules-5-VLAN410",
            "org_id": "9433bc30-0867-4bab-b4af-a26c3c6aa645",
            "path_preference": null,
            "services": [
              "RESTRICTED-TCP-5016"
            ],
            "tenants": [
              "PED_DEVICES-CORE-TCP-5016.CORE_VLAN410"
            ]
          },
          "sensitive_attributes": [],
          "dependencies": [
            "mist_org.terraform_test"
          ]
        }
      ]
    },
    {
      "mode": "managed",
      "type": "mist_org_servicepolicy",
      "name": "servicepolicy_167",
      "provider": "provider[\"registry.terraform.io/juniper/mist\"]",
      "instances": [
        {
          "schema_version": 0,
          "attributes": {
            "action": "allow",
            "appqoe": null,
            "ewf": null,
            "id": "55e48d83-5608-4ca7-a861-efd286b3e652",
            "idp": {
              "alert_only": null,
              "enabled": false,
              "idpprofile_id": null,
              "profile": "strict"
            },
            "local_routing": false,
            "name": "167b_491-control-6-VLAN491",
            "org_id": "9433bc30-0867-4bab-b4af-a26c3c6aa645",
            "path_preference": null,
            "services": [
              "10_X_Y_129-UDP_53"
            ],
            "tenants": [
              "PRIVATE_VLAN491"
            ]
          },
          "sensitive_attributes": [],
          "dependencies": [
            "mist_org.terraform_test"
          ]
        }
      ]
    },
    {
      "mode": "managed",
      "type": "mist_org_servicepolicy",
      "name": "servicepolicy_168",
      "provider": "provider[\"registry.terraform.io/juniper/mist\"]",
      "instances": [
        {
          "schema_version": 0,
          "attributes": {
            "action": "allow",
            "appqoe": null,
            "ewf": null,
            "id": "747a3ac0-4588-4b59-aaef-5ea124667958",
            "idp": {
              "alert_only": null,
              "enabled": false,
              "idpprofile_id": null,
              "profile": "strict"
            },
            "local_routing": false,
            "name": "078_410-dmb-5-VLAN430",
            "org_id": "9433bc30-0867-4bab-b4af-a26c3c6aa645",
            "path_preference": null,
            "services": [
              "10_X_Y_160-27-TCP_22600"
            ],
            "tenants": [
              "CORE_VLAN410"
            ]
          },
          "sensitive_attributes": [],
          "dependencies": [
            "mist_org.terraform_test"
          ]
        }
      ]
    },
    {
      "mode": "managed",
      "type": "mist_org_servicepolicy",
      "name": "servicepolicy_169",
      "provider": "provider[\"registry.terraform.io/juniper/mist\"]",
      "instances": [
        {
          "schema_version": 0,
          "attributes": {
            "action": "allow",
            "appqoe": null,
            "ewf": null,
            "id": "0af02e67-48b4-4069-a8fe-5262a8b36323",
            "idp": {
              "alert_only": null,
              "enabled": false,
              "idpprofile_id": null,
              "profile": "strict"
            },
            "local_routing": false,
            "name": "084_410-cod-1-VLAN430",
            "org_id": "9433bc30-0867-4bab-b4af-a26c3c6aa645",
            "path_preference": null,
            "services": [
              "10_X_Y_160-27-TCP_4983"
            ],
            "tenants": [
              "Gr_CORE_12_14_25.CORE_VLAN410"
            ]
          },
          "sensitive_attributes": [],
          "dependencies": [
            "mist_org.terraform_test"
          ]
        }
      ]
    },
    {
      "mode": "managed",
      "type": "mist_org_servicepolicy",
      "name": "servicepolicy_17",
      "provider": "provider[\"registry.terraform.io/juniper/mist\"]",
      "instances": [
        {
          "schema_version": 0,
          "attributes": {
            "action": "allow",
            "appqoe": null,
            "ewf": null,
            "id": "cb68cf82-8642-4e6f-b1cb-0379fb17a7ea",
            "idp": {
              "alert_only": null,
              "enabled": false,
              "idpprofile_id": null,
              "profile": "strict"
            },
            "local_routing": false,
            "name": "040_410-cod-8-VLAN410",
            "org_id": "9433bc30-0867-4bab-b4af-a26c3c6aa645",
            "path_preference": null,
            "services": [
              "10_X_Y_171-TCP_225"
            ],
            "tenants": [
              "CORE_12.CORE_VLAN410"
            ]
          },
          "sensitive_attributes": [],
          "dependencies": [
            "mist_org.terraform_test"
          ]
        }
      ]
    },
    {
      "mode": "managed",
      "type": "mist_org_servicepolicy",
      "name": "servicepolicy_170",
      "provider": "provider[\"registry.terraform.io/juniper/mist\"]",
      "instances": [
        {
          "schema_version": 0,
          "attributes": {
            "action": "allow",
            "appqoe": null,
            "ewf": null,
            "id": "e62ad5ac-a1e4-48ab-b2e4-be18edebe845",
            "idp": {
              "alert_only": null,
              "enabled": false,
              "idpprofile_id": null,
              "profile": "strict"
            },
            "local_routing": false,
            "name": "162_491-control-2-VLAN491",
            "org_id": "9433bc30-0867-4bab-b4af-a26c3c6aa645",
            "path_preference": null,
            "services": [
              "ANY-UDP_67",
              "ANY-UDP_68"
            ],
            "tenants": [
              "PRIVATE_VLAN491"
            ]
          },
          "sensitive_attributes": [],
          "dependencies": [
            "mist_org.terraform_test"
          ]
        }
      ]
    },
    {
      "mode": "managed",
      "type": "mist_org_servicepolicy",
      "name": "servicepolicy_171",
      "provider": "provider[\"registry.terraform.io/juniper/mist\"]",
      "instances": [
        {
          "schema_version": 0,
          "attributes": {
            "action": "allow",
            "appqoe": null,
            "ewf": null,
            "id": "af8e4098-a173-49d6-9aed-b006c36ed1a2",
            "idp": {
              "alert_only": null,
              "enabled": false,
              "idpprofile_id": null,
              "profile": "strict"
            },
            "local_routing": false,
            "name": "019_410-492-bi-com-0-VLAN410",
            "org_id": "9433bc30-0867-4bab-b4af-a26c3c6aa645",
            "path_preference": null,
            "services": [
              "10_X_Y_25-TCP_8123"
            ],
            "tenants": [
              "IOT_WIRED_50.IOT_WIRED_VLAN492"
            ]
          },
          "sensitive_attributes": [],
          "dependencies": [
            "mist_org.terraform_test"
          ]
        }
      ]
    },
    {
      "mode": "managed",
      "type": "mist_org_servicepolicy",
      "name": "servicepolicy_172",
      "provider": "provider[\"registry.terraform.io/juniper/mist\"]",
      "instances": [
        {
          "schema_version": 0,
          "attributes": {
            "action": "allow",
            "appqoe": null,
            "ewf": null,
            "id": "2965fbc5-0699-424e-a0c1-44904ec43791",
            "idp": {
              "alert_only": null,
              "enabled": false,
              "idpprofile_id": null,
              "profile": "strict"
            },
            "local_routing": false,
            "name": "079_410-dmb-6-VLAN430",
            "org_id": "9433bc30-0867-4bab-b4af-a26c3c6aa645",
            "path_preference": null,
            "services": [
              "10_X_Y_160-27-TCP_22700"
            ],
            "tenants": [
              "CORE_VLAN410"
            ]
          },
          "sensitive_attributes": [],
          "dependencies": [
            "mist_org.terraform_test"
          ]
        }
      ]
    },
    {
      "mode": "managed",
      "type": "mist_org_servicepolicy",
      "name": "servicepolicy_173",
      "provider": "provider[\"registry.terraform.io/juniper/mist\"]",
      "instances": [
        {
          "schema_version": 0,
          "attributes": {
            "action": "allow",
            "appqoe": null,
            "ewf": null,
            "id": "ca5409a1-5319-4106-ab64-bc3a88407911",
            "idp": {
              "alert_only": null,
              "enabled": false,
              "idpprofile_id": null,
              "profile": "strict"
            },
            "local_routing": false,
            "name": "170_492-control-0-VLAN492",
            "org_id": "9433bc30-0867-4bab-b4af-a26c3c6aa645",
            "path_preference": null,
            "services": [
              "ANY-TCP_1163",
              "ANY-TCP_8112"
            ],
            "tenants": [
              "IOT_WIRED_VLAN492"
            ]
          },
          "sensitive_attributes": [],
          "dependencies": [
            "mist_org.terraform_test"
          ]
        }
      ]
    },
    {
      "mode": "managed",
      "type": "mist_org_servicepolicy",
      "name": "servicepolicy_174",
      "provider": "provider[\"registry.terraform.io/juniper/mist\"]",
      "instances": [
        {
          "schema_version": 0,
          "attributes": {
            "action": "allow",
            "appqoe": null,
            "ewf": null,
            "id": "642bd2c9-f92f-44a9-ad8b-64de997ad905",
            "idp": {
              "alert_only": null,
              "enabled": false,
              "idpprofile_id": null,
              "profile": "strict"
            },
            "local_routing": false,
            "name": "008_pk-test-492-410-r1-VLAN410",
            "org_id": "9433bc30-0867-4bab-b4af-a26c3c6aa645",
            "path_preference": null,
            "services": [
              "10_X_Y_25-TCP_8883"
            ],
            "tenants": [
              "Gr2_IoT_Wired.IOT_WIRED_VLAN492"
            ]
          },
          "sensitive_attributes": [],
          "dependencies": [
            "mist_org.terraform_test"
          ]
        }
      ]
    },
    {
      "mode": "managed",
      "type": "mist_org_servicepolicy",
      "name": "servicepolicy_175",
      "provider": "provider[\"registry.terraform.io/juniper/mist\"]",
      "instances": [
        {
          "schema_version": 0,
          "attributes": {
            "action": "allow",
            "appqoe": null,
            "ewf": null,
            "id": "22efcef0-9e90-466a-8d20-e20409290928",
            "idp": {
              "alert_only": null,
              "enabled": false,
              "idpprofile_id": null,
              "profile": "strict"
            },
            "local_routing": false,
            "name": "026_410-492-bi-com-7-VLAN410",
            "org_id": "9433bc30-0867-4bab-b4af-a26c3c6aa645",
            "path_preference": null,
            "services": [
              "10_X_Y_0-25-TCP_22500"
            ],
            "tenants": [
              "Gr_IoT_WIRED.IOT_WIRED_VLAN492"
            ]
          },
          "sensitive_attributes": [],
          "dependencies": [
            "mist_org.terraform_test"
          ]
        }
      ]
    },
    {
      "mode": "managed",
      "type": "mist_org_servicepolicy",
      "name": "servicepolicy_176",
      "provider": "provider[\"registry.terraform.io/juniper/mist\"]",
      "instances": [
        {
          "schema_version": 0,
          "attributes": {
            "action": "allow",
            "appqoe": null,
            "ewf": null,
            "id": "7d92defa-4443-4221-8879-a9719f9d645d",
            "idp": {
              "alert_only": null,
              "enabled": false,
              "idpprofile_id": null,
              "profile": "strict"
            },
            "local_routing": false,
            "name": "080_410-dmb-7-VLAN430",
            "org_id": "9433bc30-0867-4bab-b4af-a26c3c6aa645",
            "path_preference": null,
            "services": [
              "10_X_Y_160-27-TCP_3333"
            ],
            "tenants": [
              "CORE_VLAN410"
            ]
          },
          "sensitive_attributes": [],
          "dependencies": [
            "mist_org.terraform_test"
          ]
        }
      ]
    },
    {
      "mode": "managed",
      "type": "mist_org_servicepolicy",
      "name": "servicepolicy_177",
      "provider": "provider[\"registry.terraform.io/juniper/mist\"]",
      "instances": [
        {
          "schema_version": 0,
          "attributes": {
            "action": "allow",
            "appqoe": null,
            "ewf": null,
            "id": "0601c5b0-fc0b-4ba2-8211-376f6607c700",
            "idp": {
              "alert_only": null,
              "enabled": false,
              "idpprofile_id": null,
              "profile": "strict"
            },
            "local_routing": false,
            "name": "075_410-dmb-2-VLAN430",
            "org_id": "9433bc30-0867-4bab-b4af-a26c3c6aa645",
            "path_preference": null,
            "services": [
              "10_X_Y_160-27-TCP_80"
            ],
            "tenants": [
              "CORE_VLAN410"
            ]
          },
          "sensitive_attributes": [],
          "dependencies": [
            "mist_org.terraform_test"
          ]
        }
      ]
    },
    {
      "mode": "managed",
      "type": "mist_org_servicepolicy",
      "name": "servicepolicy_178",
      "provider": "provider[\"registry.terraform.io/juniper/mist\"]",
      "instances": [
        {
          "schema_version": 0,
          "attributes": {
            "action": "allow",
            "appqoe": null,
            "ewf": null,
            "id": "6c3046ef-b5bd-4ac9-a342-8b4afece2ccd",
            "idp": {
              "alert_only": null,
              "enabled": false,
              "idpprofile_id": null,
              "profile": "strict"
            },
            "local_routing": false,
            "name": "171_492-control-2-VLAN492",
            "org_id": "9433bc30-0867-4bab-b4af-a26c3c6aa645",
            "path_preference": null,
            "services": [
              "ANY-UDP_67",
              "ANY-UDP_68"
            ],
            "tenants": [
              "IOT_WIRED_VLAN492"
            ]
          },
          "sensitive_attributes": [],
          "dependencies": [
            "mist_org.terraform_test"
          ]
        }
      ]
    },
    {
      "mode": "managed",
      "type": "mist_org_servicepolicy",
      "name": "servicepolicy_179",
      "provider": "provider[\"registry.terraform.io/juniper/mist\"]",
      "instances": [
        {
          "schema_version": 0,
          "attributes": {
            "action": "allow",
            "appqoe": null,
            "ewf": null,
            "id": "2094bf84-1d91-4a11-8acd-3ca01780ef7e",
            "idp": {
              "alert_only": null,
              "enabled": false,
              "idpprofile_id": null,
              "profile": "strict"
            },
            "local_routing": false,
            "name": "152_livestore-sec-cam-1-VLAN490",
            "org_id": "9433bc30-0867-4bab-b4af-a26c3c6aa645",
            "path_preference": null,
            "services": [
              "192_168_90_130-TCP_443"
            ],
            "tenants": [
              "CORE_51.CORE_VLAN410"
            ]
          },
          "sensitive_attributes": [],
          "dependencies": [
            "mist_org.terraform_test"
          ]
        }
      ]
    },
    {
      "mode": "managed",
      "type": "mist_org_servicepolicy",
      "name": "servicepolicy_18",
      "provider": "provider[\"registry.terraform.io/juniper/mist\"]",
      "instances": [
        {
          "schema_version": 0,
          "attributes": {
            "action": "allow",
            "appqoe": null,
            "ewf": null,
            "id": "695ec31a-6fea-40f6-bec7-cdc481f61648",
            "idp": {
              "alert_only": null,
              "enabled": false,
              "idpprofile_id": null,
              "profile": "strict"
            },
            "local_routing": false,
            "name": "094_410-cod-11-VLAN430",
            "org_id": "9433bc30-0867-4bab-b4af-a26c3c6aa645",
            "path_preference": null,
            "services": [
              "10_X_Y_169-TCP_225"
            ],
            "tenants": [
              "CORE_14.CORE_VLAN410"
            ]
          },
          "sensitive_attributes": [],
          "dependencies": [
            "mist_org.terraform_test"
          ]
        }
      ]
    },
    {
      "mode": "managed",
      "type": "mist_org_servicepolicy",
      "name": "servicepolicy_180",
      "provider": "provider[\"registry.terraform.io/juniper/mist\"]",
      "instances": [
        {
          "schema_version": 0,
          "attributes": {
            "action": "allow",
            "appqoe": null,
            "ewf": null,
            "id": "2d6a9763-1070-41fe-834a-33667d5b6410",
            "idp": {
              "alert_only": null,
              "enabled": false,
              "idpprofile_id": null,
              "profile": "strict"
            },
            "local_routing": false,
            "name": "009_410-bos-isp-0-VLAN410",
            "org_id": "9433bc30-0867-4bab-b4af-a26c3c6aa645",
            "path_preference": null,
            "services": [
              "ANY-UDP_53"
            ],
            "tenants": [
              "CORE_51.CORE_VLAN410"
            ]
          },
          "sensitive_attributes": [],
          "dependencies": [
            "mist_org.terraform_test"
          ]
        }
      ]
    },
    {
      "mode": "managed",
      "type": "mist_org_servicepolicy",
      "name": "servicepolicy_181",
      "provider": "provider[\"registry.terraform.io/juniper/mist\"]",
      "instances": [
        {
          "schema_version": 0,
          "attributes": {
            "action": "allow",
            "appqoe": null,
            "ewf": null,
            "id": "21a0103f-1d60-4af7-be06-d55db0feb968",
            "idp": {
              "alert_only": null,
              "enabled": false,
              "idpprofile_id": null,
              "profile": "strict"
            },
            "local_routing": false,
            "name": "055_410-dmb-4-VLAN410",
            "org_id": "9433bc30-0867-4bab-b4af-a26c3c6aa645",
            "path_preference": null,
            "services": [
              "10_X_Y_160-27-TCP_22501"
            ],
            "tenants": [
              "CORE_VLAN410"
            ]
          },
          "sensitive_attributes": [],
          "dependencies": [
            "mist_org.terraform_test"
          ]
        }
      ]
    },
    {
      "mode": "managed",
      "type": "mist_org_servicepolicy",
      "name": "servicepolicy_182",
      "provider": "provider[\"registry.terraform.io/juniper/mist\"]",
      "instances": [
        {
          "schema_version": 0,
          "attributes": {
            "action": "allow",
            "appqoe": null,
            "ewf": null,
            "id": "0b0ffc21-84e5-4b49-8728-2bf1911dc7cd",
            "idp": {
              "alert_only": null,
              "enabled": false,
              "idpprofile_id": null,
              "profile": "strict"
            },
            "local_routing": false,
            "name": "081_410-dmb-8-VLAN430",
            "org_id": "9433bc30-0867-4bab-b4af-a26c3c6aa645",
            "path_preference": null,
            "services": [
              "10_X_Y_160-27-TCP_8888"
            ],
            "tenants": [
              "CORE_VLAN410"
            ]
          },
          "sensitive_attributes": [],
          "dependencies": [
            "mist_org.terraform_test"
          ]
        }
      ]
    },
    {
      "mode": "managed",
      "type": "mist_org_servicepolicy",
      "name": "servicepolicy_183",
      "provider": "provider[\"registry.terraform.io/juniper/mist\"]",
      "instances": [
        {
          "schema_version": 0,
          "attributes": {
            "action": "allow",
            "appqoe": null,
            "ewf": null,
            "id": "25a50032-fe93-4244-b376-ff5c2c9e4a95",
            "idp": {
              "alert_only": null,
              "enabled": false,
              "idpprofile_id": null,
              "profile": "strict"
            },
            "local_routing": false,
            "name": "227_494-control-0-VLAN494",
            "org_id": "9433bc30-0867-4bab-b4af-a26c3c6aa645",
            "path_preference": null,
            "services": [
              "ANY-TCP_1163",
              "ANY-TCP_8112"
            ],
            "tenants": [
              "IOT_WIRELESS_VLAN494"
            ]
          },
          "sensitive_attributes": [],
          "dependencies": [
            "mist_org.terraform_test"
          ]
        }
      ]
    },
    {
      "mode": "managed",
      "type": "mist_org_servicepolicy",
      "name": "servicepolicy_184",
      "provider": "provider[\"registry.terraform.io/juniper/mist\"]",
      "instances": [
        {
          "schema_version": 0,
          "attributes": {
            "action": "allow",
            "appqoe": null,
            "ewf": null,
            "id": "a535890f-9e74-4765-a2ac-d20405c20343",
            "idp": {
              "alert_only": null,
              "enabled": false,
              "idpprofile_id": null,
              "profile": "strict"
            },
            "local_routing": false,
            "name": "010_410-bos-isp-1-VLAN410",
            "org_id": "9433bc30-0867-4bab-b4af-a26c3c6aa645",
            "path_preference": null,
            "services": [
              "ANY-TCP_443"
            ],
            "tenants": [
              "CORE_51.CORE_VLAN410"
            ]
          },
          "sensitive_attributes": [],
          "dependencies": [
            "mist_org.terraform_test"
          ]
        }
      ]
    },
    {
      "mode": "managed",
      "type": "mist_org_servicepolicy",
      "name": "servicepolicy_185",
      "provider": "provider[\"registry.terraform.io/juniper/mist\"]",
      "instances": [
        {
          "schema_version": 0,
          "attributes": {
            "action": "allow",
            "appqoe": null,
            "ewf": null,
            "id": "d327c797-1a5e-45c4-bdf8-388f90ea767a",
            "idp": {
              "alert_only": null,
              "enabled": false,
              "idpprofile_id": null,
              "profile": "strict"
            },
            "local_routing": false,
            "name": "082_410-dmb-9-VLAN430",
            "org_id": "9433bc30-0867-4bab-b4af-a26c3c6aa645",
            "path_preference": null,
            "services": [
              "10_X_Y_160-27-ANY"
            ],
            "tenants": [
              "CORE_VLAN410"
            ]
          },
          "sensitive_attributes": [],
          "dependencies": [
            "mist_org.terraform_test"
          ]
        }
      ]
    },
    {
      "mode": "managed",
      "type": "mist_org_servicepolicy",
      "name": "servicepolicy_186",
      "provider": "provider[\"registry.terraform.io/juniper/mist\"]",
      "instances": [
        {
          "schema_version": 0,
          "attributes": {
            "action": "allow",
            "appqoe": null,
            "ewf": null,
            "id": "7312848d-412b-4a4f-92e8-21374763a522",
            "idp": {
              "alert_only": null,
              "enabled": false,
              "idpprofile_id": null,
              "profile": "strict"
            },
            "local_routing": false,
            "name": "228_494-control-2-VLAN494",
            "org_id": "9433bc30-0867-4bab-b4af-a26c3c6aa645",
            "path_preference": null,
            "services": [
              "ANY-UDP_67",
              "ANY-UDP_68"
            ],
            "tenants": [
              "IOT_WIRELESS_VLAN494"
            ]
          },
          "sensitive_attributes": [],
          "dependencies": [
            "mist_org.terraform_test"
          ]
        }
      ]
    },
    {
      "mode": "managed",
      "type": "mist_org_servicepolicy",
      "name": "servicepolicy_187",
      "provider": "provider[\"registry.terraform.io/juniper/mist\"]",
      "instances": [
        {
          "schema_version": 0,
          "attributes": {
            "action": "allow",
            "appqoe": null,
            "ewf": null,
            "id": "f36c71d5-adf1-4de7-bba4-985e834715c7",
            "idp": null,
            "local_routing": false,
            "name": "460_to_any_prisma_bypass",
            "org_id": "9433bc30-0867-4bab-b4af-a26c3c6aa645",
            "path_preference": null,
            "services": [
              "any"
            ],
            "tenants": [
              "AUTOMATION_VLAN460"
            ]
          },
          "sensitive_attributes": [],
          "dependencies": [
            "mist_org.terraform_test"
          ]
        }
      ]
    },
    {
      "mode": "managed",
      "type": "mist_org_servicepolicy",
      "name": "servicepolicy_188",
      "provider": "provider[\"registry.terraform.io/juniper/mist\"]",
      "instances": [
        {
          "schema_version": 0,
          "attributes": {
            "action": "allow",
            "appqoe": null,
            "ewf": null,
            "id": "85332d51-9b4a-40f1-8ca0-3e40921718e6",
            "idp": {
              "alert_only": null,
              "enabled": false,
              "idpprofile_id": null,
              "profile": "strict"
            },
            "local_routing": false,
            "name": "083_410-cod-0-VLAN430",
            "org_id": "9433bc30-0867-4bab-b4af-a26c3c6aa645",
            "path_preference": null,
            "services": [
              "10_X_Y_160-27-TCP_225"
            ],
            "tenants": [
              "Gr_CORE_12_14_25.CORE_VLAN410"
            ]
          },
          "sensitive_attributes": [],
          "dependencies": [
            "mist_org.terraform_test"
          ]
        }
      ]
    },
    {
      "mode": "managed",
      "type": "mist_org_servicepolicy",
      "name": "servicepolicy_189",
      "provider": "provider[\"registry.terraform.io/juniper/mist\"]",
      "instances": [
        {
          "schema_version": 0,
          "attributes": {
            "action": "allow",
            "appqoe": null,
            "ewf": null,
            "id": "025af5a3-8034-4604-b66f-184447161865",
            "idp": {
              "alert_only": null,
              "enabled": false,
              "idpprofile_id": null,
              "profile": "strict"
            },
            "local_routing": false,
            "name": "093_410-cod-10-VLAN430",
            "org_id": "9433bc30-0867-4bab-b4af-a26c3c6aa645",
            "path_preference": null,
            "services": [
              "10_X_Y_168-TCP_225"
            ],
            "tenants": [
              "CORE_14.CORE_VLAN410"
            ]
          },
          "sensitive_attributes": [],
          "dependencies": [
            "mist_org.terraform_test"
          ]
        }
      ]
    },
    {
      "mode": "managed",
      "type": "mist_org_servicepolicy",
      "name": "servicepolicy_19",
      "provider": "provider[\"registry.terraform.io/juniper/mist\"]",
      "instances": [
        {
          "schema_version": 0,
          "attributes": {
            "action": "allow",
            "appqoe": null,
            "ewf": null,
            "id": "8ef2b822-d6b5-4f9d-8010-4a0d17ac787c",
            "idp": {
              "alert_only": null,
              "enabled": false,
              "idpprofile_id": null,
              "profile": "strict"
            },
            "local_routing": false,
            "name": "176c_492-control-7-VLAN492",
            "org_id": "9433bc30-0867-4bab-b4af-a26c3c6aa645",
            "path_preference": null,
            "services": [
              "10_X_Y_161-UDP_53"
            ],
            "tenants": [
              "IOT_WIRED_VLAN492"
            ]
          },
          "sensitive_attributes": [],
          "dependencies": [
            "mist_org.terraform_test"
          ]
        }
      ]
    },
    {
      "mode": "managed",
      "type": "mist_org_servicepolicy",
      "name": "servicepolicy_190",
      "provider": "provider[\"registry.terraform.io/juniper/mist\"]",
      "instances": [
        {
          "schema_version": 0,
          "attributes": {
            "action": "deny",
            "appqoe": null,
            "ewf": null,
            "id": "0a8d06ae-8454-426f-a546-919d4b876fb3",
            "idp": {
              "alert_only": null,
              "enabled": false,
              "idpprofile_id": null,
              "profile": "strict"
            },
            "local_routing": false,
            "name": "102_450-control-5-VLAN450",
            "org_id": "9433bc30-0867-4bab-b4af-a26c3c6aa645",
            "path_preference": null,
            "services": [
              "172_16_0_0-16-ANY",
              "192_168_0_0-16-ANY",
              "10_0_0_0-8-ANY"
            ],
            "tenants": [
              "PUBLIC_VLAN450"
            ]
          },
          "sensitive_attributes": [],
          "dependencies": [
            "mist_org.terraform_test"
          ]
        }
      ]
    },
    {
      "mode": "managed",
      "type": "mist_org_servicepolicy",
      "name": "servicepolicy_191",
      "provider": "provider[\"registry.terraform.io/juniper/mist\"]",
      "instances": [
        {
          "schema_version": 0,
          "attributes": {
            "action": "allow",
            "appqoe": null,
            "ewf": null,
            "id": "6e53d942-b15a-4047-832b-81ca8f3fd665",
            "idp": {
              "alert_only": null,
              "enabled": false,
              "idpprofile_id": null,
              "profile": "strict"
            },
            "local_routing": false,
            "name": "011_410-bos-isp-2-VLAN410",
            "org_id": "9433bc30-0867-4bab-b4af-a26c3c6aa645",
            "path_preference": null,
            "services": [
              "ANY-TCP_80"
            ],
            "tenants": [
              "CORE_51.CORE_VLAN410"
            ]
          },
          "sensitive_attributes": [],
          "dependencies": [
            "mist_org.terraform_test"
          ]
        }
      ]
    },
    {
      "mode": "managed",
      "type": "mist_org_servicepolicy",
      "name": "servicepolicy_192",
      "provider": "provider[\"registry.terraform.io/juniper/mist\"]",
      "instances": [
        {
          "schema_version": 0,
          "attributes": {
            "action": "allow",
            "appqoe": null,
            "ewf": null,
            "id": "a522535e-61d6-4c9e-8d9c-368e7c0ba42c",
            "idp": {
              "alert_only": null,
              "enabled": false,
              "idpprofile_id": null,
              "profile": "strict"
            },
            "local_routing": false,
            "name": "167c_491-control-6-VLAN491",
            "org_id": "9433bc30-0867-4bab-b4af-a26c3c6aa645",
            "path_preference": null,
            "services": [
              "10_X_Y_161-UDP_53"
            ],
            "tenants": [
              "PRIVATE_VLAN491"
            ]
          },
          "sensitive_attributes": [],
          "dependencies": [
            "mist_org.terraform_test"
          ]
        }
      ]
    },
    {
      "mode": "managed",
      "type": "mist_org_servicepolicy",
      "name": "servicepolicy_193",
      "provider": "provider[\"registry.terraform.io/juniper/mist\"]",
      "instances": [
        {
          "schema_version": 0,
          "attributes": {
            "action": "allow",
            "appqoe": null,
            "ewf": null,
            "id": "fbc84354-48b5-4163-b4c3-83770f8398ce",
            "idp": {
              "alert_only": null,
              "enabled": false,
              "idpprofile_id": null,
              "profile": "strict"
            },
            "local_routing": false,
            "name": "085_410-cod-2-VLAN430",
            "org_id": "9433bc30-0867-4bab-b4af-a26c3c6aa645",
            "path_preference": null,
            "services": [
              "10_X_Y_168-TCP_225"
            ],
            "tenants": [
              "CORE_25.CORE_VLAN410"
            ]
          },
          "sensitive_attributes": [],
          "dependencies": [
            "mist_org.terraform_test"
          ]
        }
      ]
    },
    {
      "mode": "managed",
      "type": "mist_org_servicepolicy",
      "name": "servicepolicy_194",
      "provider": "provider[\"registry.terraform.io/juniper/mist\"]",
      "instances": [
        {
          "schema_version": 0,
          "attributes": {
            "action": "deny",
            "appqoe": null,
            "ewf": null,
            "id": "5da0dfb4-c949-4efe-a1fd-20654137803c",
            "idp": {
              "alert_only": null,
              "enabled": false,
              "idpprofile_id": null,
              "profile": "strict"
            },
            "local_routing": false,
            "name": "111_deny-rfc-privateip-0-VLAN451",
            "org_id": "9433bc30-0867-4bab-b4af-a26c3c6aa645",
            "path_preference": null,
            "services": [
              "172_16_0_0-16-ANY",
              "192_168_0_0-16-ANY",
              "10_0_0_0-8-ANY"
            ],
            "tenants": [
              "CREW_VLAN451"
            ]
          },
          "sensitive_attributes": [],
          "dependencies": [
            "mist_org.terraform_test"
          ]
        }
      ]
    },
    {
      "mode": "managed",
      "type": "mist_org_servicepolicy",
      "name": "servicepolicy_195",
      "provider": "provider[\"registry.terraform.io/juniper/mist\"]",
      "instances": [
        {
          "schema_version": 0,
          "attributes": {
            "action": "allow",
            "appqoe": null,
            "ewf": null,
            "id": "56886693-e54d-4f0d-8e4b-7f176c4ca30b",
            "idp": {
              "alert_only": null,
              "enabled": false,
              "idpprofile_id": null,
              "profile": "strict"
            },
            "local_routing": false,
            "name": "181_pk-test-494-492-r4-VLAN492",
            "org_id": "9433bc30-0867-4bab-b4af-a26c3c6aa645",
            "path_preference": null,
            "services": [
              "192_168_94_0-23-TCP_22"
            ],
            "tenants": [
              "Gr2_IoT_Wired.IOT_WIRED_VLAN492"
            ]
          },
          "sensitive_attributes": [],
          "dependencies": [
            "mist_org.terraform_test"
          ]
        }
      ]
    },
    {
      "mode": "managed",
      "type": "mist_org_servicepolicy",
      "name": "servicepolicy_196",
      "provider": "provider[\"registry.terraform.io/juniper/mist\"]",
      "instances": [
        {
          "schema_version": 0,
          "attributes": {
            "action": "allow",
            "appqoe": null,
            "ewf": null,
            "id": "641369b9-f0fb-461e-b0b6-eb04c8caf2ae",
            "idp": {
              "alert_only": null,
              "enabled": false,
              "idpprofile_id": null,
              "profile": "strict"
            },
            "local_routing": false,
            "name": "IN_BAND_MGMT",
            "org_id": "9433bc30-0867-4bab-b4af-a26c3c6aa645",
            "path_preference": null,
            "services": [
              "any"
            ],
            "tenants": [
              "MGMT"
            ]
          },
          "sensitive_attributes": [],
          "dependencies": [
            "mist_org.terraform_test"
          ]
        }
      ]
    },
    {
      "mode": "managed",
      "type": "mist_org_servicepolicy",
      "name": "servicepolicy_197",
      "provider": "provider[\"registry.terraform.io/juniper/mist\"]",
      "instances": [
        {
          "schema_version": 0,
          "attributes": {
            "action": "allow",
            "appqoe": null,
            "ewf": null,
            "id": "e867c4fc-3801-4585-b43e-68342f79430d",
            "idp": {
              "alert_only": null,
              "enabled": false,
              "idpprofile_id": null,
              "profile": "strict"
            },
            "local_routing": false,
            "name": "167a_491-control-6-VLAN491",
            "org_id": "9433bc30-0867-4bab-b4af-a26c3c6aa645",
            "path_preference": null,
            "services": [
              "10_X_Y_62-UDP_53"
            ],
            "tenants": [
              "PRIVATE_VLAN491"
            ]
          },
          "sensitive_attributes": [],
          "dependencies": [
            "mist_org.terraform_test"
          ]
        }
      ]
    },
    {
      "mode": "managed",
      "type": "mist_org_servicepolicy",
      "name": "servicepolicy_198",
      "provider": "provider[\"registry.terraform.io/juniper/mist\"]",
      "instances": [
        {
          "schema_version": 0,
          "attributes": {
            "action": "allow",
            "appqoe": null,
            "ewf": null,
            "id": "634a1018-73f8-4436-96c4-918e0c67d0f5",
            "idp": {
              "alert_only": null,
              "enabled": false,
              "idpprofile_id": null,
              "profile": "strict"
            },
            "local_routing": false,
            "name": "086_410-cod-3-VLAN430",
            "org_id": "9433bc30-0867-4bab-b4af-a26c3c6aa645",
            "path_preference": null,
            "services": [
              "10_X_Y_169-TCP_225"
            ],
            "tenants": [
              "CORE_25.CORE_VLAN410"
            ]
          },
          "sensitive_attributes": [],
          "dependencies": [
            "mist_org.terraform_test"
          ]
        }
      ]
    },
    {
      "mode": "managed",
      "type": "mist_org_servicepolicy",
      "name": "servicepolicy_199",
      "provider": "provider[\"registry.terraform.io/juniper/mist\"]",
      "instances": [
        {
          "schema_version": 0,
          "attributes": {
            "action": "deny",
            "appqoe": null,
            "ewf": null,
            "id": "95b86eb8-45ab-4b9a-abac-1e675e3d39cd",
            "idp": {
              "alert_only": null,
              "enabled": false,
              "idpprofile_id": null,
              "profile": "strict"
            },
            "local_routing": false,
            "name": "Deny-Any-Any",
            "org_id": "9433bc30-0867-4bab-b4af-a26c3c6aa645",
            "path_preference": null,
            "services": [
              "192_168_6_0-24-ANY",
              "192_168_90_0-24-ANY",
              "192_168_91_0-24-ANY",
              "10_X_Y_0-24-ANY",
              "192_168_4_0-23-ANY"
            ],
            "tenants": [
              "PUBLIC_VLAN450",
              "CREW_VLAN451",
              "UNTRUSTED_VLAN490",
              "CORE_VLAN410",
              "AUTOMATION_VLAN460"
            ]
          },
          "sensitive_attributes": [],
          "dependencies": [
            "mist_org.terraform_test"
          ]
        }
      ]
    },
    {
      "mode": "managed",
      "type": "mist_org_servicepolicy",
      "name": "servicepolicy_2",
      "provider": "provider[\"registry.terraform.io/juniper/mist\"]",
      "instances": [
        {
          "schema_version": 0,
          "attributes": {
            "action": "allow",
            "appqoe": null,
            "ewf": null,
            "id": "c93b774a-59ce-4044-9a10-7f19fad87529",
            "idp": {
              "alert_only": null,
              "enabled": false,
              "idpprofile_id": null,
              "profile": "strict"
            },
            "local_routing": false,
            "name": "071_410-420-bi-com-0-VLAN420",
            "org_id": "9433bc30-0867-4bab-b4af-a26c3c6aa645",
            "path_preference": null,
            "services": [
              "10_X_Y_128-27-TCP_8123"
            ],
            "tenants": [
              "CORE_1.CORE_VLAN410",
              "CORE_25.CORE_VLAN410"
            ]
          },
          "sensitive_attributes": [],
          "dependencies": [
            "mist_org.terraform_test"
          ]
        }
      ]
    },
    {
      "mode": "managed",
      "type": "mist_org_servicepolicy",
      "name": "servicepolicy_20",
      "provider": "provider[\"registry.terraform.io/juniper/mist\"]",
      "instances": [
        {
          "schema_version": 0,
          "attributes": {
            "action": "allow",
            "appqoe": null,
            "ewf": null,
            "id": "7263f429-edf5-4474-ab72-e950bcea1435",
            "idp": {
              "alert_only": null,
              "enabled": false,
              "idpprofile_id": null,
              "profile": "strict"
            },
            "local_routing": false,
            "name": "178_pk-test-494-492-r1-VLAN492",
            "org_id": "9433bc30-0867-4bab-b4af-a26c3c6aa645",
            "path_preference": null,
            "services": [
              "Gr2_IoT_Wired"
            ],
            "tenants": [
              "IOT_WIRELESS_VLAN494"
            ]
          },
          "sensitive_attributes": [],
          "dependencies": [
            "mist_org.terraform_test"
          ]
        }
      ]
    },
    {
      "mode": "managed",
      "type": "mist_org_servicepolicy",
      "name": "servicepolicy_200",
      "provider": "provider[\"registry.terraform.io/juniper/mist\"]",
      "instances": [
        {
          "schema_version": 0,
          "attributes": {
            "action": "allow",
            "appqoe": null,
            "ewf": null,
            "id": "a821279a-491b-4fa6-95c6-ad8d64986549",
            "idp": {
              "alert_only": null,
              "enabled": false,
              "idpprofile_id": null,
              "profile": "strict"
            },
            "local_routing": false,
            "name": "012_qsrsoft-vm-rules-0-VLAN410",
            "org_id": "9433bc30-0867-4bab-b4af-a26c3c6aa645",
            "path_preference": null,
            "services": [
              "ANY-TCP_22"
            ],
            "tenants": [
              "Gr_CORE_12_14_25.CORE_VLAN410"
            ]
          },
          "sensitive_attributes": [],
          "dependencies": [
            "mist_org.terraform_test"
          ]
        }
      ]
    },
    {
      "mode": "managed",
      "type": "mist_org_servicepolicy",
      "name": "servicepolicy_201",
      "provider": "provider[\"registry.terraform.io/juniper/mist\"]",
      "instances": [
        {
          "schema_version": 0,
          "attributes": {
            "action": "allow",
            "appqoe": null,
            "ewf": null,
            "id": "88837ca2-2319-4101-a545-c6248f75714c",
            "idp": {
              "alert_only": null,
              "enabled": false,
              "idpprofile_id": null,
              "profile": "strict"
            },
            "local_routing": false,
            "name": "024_410-492-bi-com-5-VLAN410",
            "org_id": "9433bc30-0867-4bab-b4af-a26c3c6aa645",
            "path_preference": null,
            "services": [
              "192_168_92_192-26-TCP_22500"
            ],
            "tenants": [
              "CORE_VLAN410"
            ]
          },
          "sensitive_attributes": [],
          "dependencies": [
            "mist_org.terraform_test"
          ]
        }
      ]
    },
    {
      "mode": "managed",
      "type": "mist_org_servicepolicy",
      "name": "servicepolicy_202",
      "provider": "provider[\"registry.terraform.io/juniper/mist\"]",
      "instances": [
        {
          "schema_version": 0,
          "attributes": {
            "action": "allow",
            "appqoe": null,
            "ewf": null,
            "id": "c1ed50c6-4643-4143-abe2-1812344f83f3",
            "idp": {
              "alert_only": null,
              "enabled": false,
              "idpprofile_id": null,
              "profile": "strict"
            },
            "local_routing": false,
            "name": "087_410-cod-4-VLAN430",
            "org_id": "9433bc30-0867-4bab-b4af-a26c3c6aa645",
            "path_preference": null,
            "services": [
              "10_X_Y_171-TCP_225"
            ],
            "tenants": [
              "CORE_25.CORE_VLAN410"
            ]
          },
          "sensitive_attributes": [],
          "dependencies": [
            "mist_org.terraform_test"
          ]
        }
      ]
    },
    {
      "mode": "managed",
      "type": "mist_org_servicepolicy",
      "name": "servicepolicy_203",
      "provider": "provider[\"registry.terraform.io/juniper/mist\"]",
      "instances": [
        {
          "schema_version": 0,
          "attributes": {
            "action": "allow",
            "appqoe": null,
            "ewf": null,
            "id": "1d37a2e9-a3e8-47f3-afeb-bd2034ae84d7",
            "idp": {
              "alert_only": null,
              "enabled": false,
              "idpprofile_id": null,
              "profile": "strict"
            },
            "local_routing": false,
            "name": "068_ped-devices-rules-3-VLAN420",
            "org_id": "9433bc30-0867-4bab-b4af-a26c3c6aa645",
            "path_preference": null,
            "services": [
              "CORE-TCP-5173"
            ],
            "tenants": [
              "PED_DEVICES-CORE-DNS.CORE_VLAN410",
              "PED_DEVICES-RESTRICTED-DNS.RESTRICTED_VLAN420"
            ]
          },
          "sensitive_attributes": [],
          "dependencies": [
            "mist_org.terraform_test"
          ]
        }
      ]
    },
    {
      "mode": "managed",
      "type": "mist_org_servicepolicy",
      "name": "servicepolicy_204",
      "provider": "provider[\"registry.terraform.io/juniper/mist\"]",
      "instances": [
        {
          "schema_version": 0,
          "attributes": {
            "action": "allow",
            "appqoe": null,
            "ewf": null,
            "id": "9cb9cbaa-ed3a-4d54-8dae-901b38b616d3",
            "idp": {
              "alert_only": null,
              "enabled": false,
              "idpprofile_id": null,
              "profile": "strict"
            },
            "local_routing": false,
            "name": "021_410-492-bi-com-2-VLAN410",
            "org_id": "9433bc30-0867-4bab-b4af-a26c3c6aa645",
            "path_preference": null,
            "services": [
              "10_X_Y_51-ICMP"
            ],
            "tenants": [
              "IOT_WIRED_50.IOT_WIRED_VLAN492"
            ]
          },
          "sensitive_attributes": [],
          "dependencies": [
            "mist_org.terraform_test"
          ]
        }
      ]
    },
    {
      "mode": "managed",
      "type": "mist_org_servicepolicy",
      "name": "servicepolicy_205",
      "provider": "provider[\"registry.terraform.io/juniper/mist\"]",
      "instances": [
        {
          "schema_version": 0,
          "attributes": {
            "action": "allow",
            "appqoe": null,
            "ewf": null,
            "id": "64a01b51-1d84-4783-b4f7-488dc8531c3e",
            "idp": {
              "alert_only": null,
              "enabled": false,
              "idpprofile_id": null,
              "profile": "strict"
            },
            "local_routing": false,
            "name": "088_410-cod-5-VLAN430",
            "org_id": "9433bc30-0867-4bab-b4af-a26c3c6aa645",
            "path_preference": null,
            "services": [
              "10_X_Y_172-TCP_225"
            ],
            "tenants": [
              "CORE_25.CORE_VLAN410"
            ]
          },
          "sensitive_attributes": [],
          "dependencies": [
            "mist_org.terraform_test"
          ]
        }
      ]
    },
    {
      "mode": "managed",
      "type": "mist_org_servicepolicy",
      "name": "servicepolicy_206",
      "provider": "provider[\"registry.terraform.io/juniper/mist\"]",
      "instances": [
        {
          "schema_version": 0,
          "attributes": {
            "action": "allow",
            "appqoe": null,
            "ewf": null,
            "id": "29a0d490-f0cd-483d-b773-92d2848ae8c0",
            "idp": {
              "alert_only": null,
              "enabled": false,
              "idpprofile_id": null,
              "profile": "strict"
            },
            "local_routing": false,
            "name": "175c_492-control-5-VLAN492",
            "org_id": "9433bc30-0867-4bab-b4af-a26c3c6aa645",
            "path_preference": null,
            "services": [
              "10_X_Y_161-UDP_123"
            ],
            "tenants": [
              "IOT_WIRED_VLAN492"
            ]
          },
          "sensitive_attributes": [],
          "dependencies": [
            "mist_org.terraform_test"
          ]
        }
      ]
    },
    {
      "mode": "managed",
      "type": "mist_org_servicepolicy",
      "name": "servicepolicy_207",
      "provider": "provider[\"registry.terraform.io/juniper/mist\"]",
      "instances": [
        {
          "schema_version": 0,
          "attributes": {
            "action": "allow",
            "appqoe": null,
            "ewf": null,
            "id": "0779e63e-abd4-4722-87f0-03c5b9c40e6c",
            "idp": {
              "alert_only": null,
              "enabled": false,
              "idpprofile_id": null,
              "profile": "strict"
            },
            "local_routing": false,
            "name": "067_ped-devices-rules-2-VLAN420",
            "org_id": "9433bc30-0867-4bab-b4af-a26c3c6aa645",
            "path_preference": null,
            "services": [
              "CORE-TCP-5172"
            ],
            "tenants": [
              "PED_DEVICES-CORE-DNS.CORE_VLAN410",
              "PED_DEVICES-RESTRICTED-DNS.RESTRICTED_VLAN420"
            ]
          },
          "sensitive_attributes": [],
          "dependencies": [
            "mist_org.terraform_test"
          ]
        }
      ]
    },
    {
      "mode": "managed",
      "type": "mist_org_servicepolicy",
      "name": "servicepolicy_21",
      "provider": "provider[\"registry.terraform.io/juniper/mist\"]",
      "instances": [
        {
          "schema_version": 0,
          "attributes": {
            "action": "allow",
            "appqoe": null,
            "ewf": null,
            "id": "338fc4d5-6528-42b2-b7d4-a3bd5533f466",
            "idp": {
              "alert_only": null,
              "enabled": false,
              "idpprofile_id": null,
              "profile": "strict"
            },
            "local_routing": false,
            "name": "028_410-492-2331-0-VLAN410",
            "org_id": "9433bc30-0867-4bab-b4af-a26c3c6aa645",
            "path_preference": null,
            "services": [
              "192_168_92_192-26-TCP_22500"
            ],
            "tenants": [
              "CORE_VLAN410"
            ]
          },
          "sensitive_attributes": [],
          "dependencies": [
            "mist_org.terraform_test"
          ]
        }
      ]
    },
    {
      "mode": "managed",
      "type": "mist_org_servicepolicy",
      "name": "servicepolicy_22",
      "provider": "provider[\"registry.terraform.io/juniper/mist\"]",
      "instances": [
        {
          "schema_version": 0,
          "attributes": {
            "action": "allow",
            "appqoe": null,
            "ewf": null,
            "id": "2911cddd-223c-47ea-80a4-53acd4043bfa",
            "idp": {
              "alert_only": null,
              "enabled": false,
              "idpprofile_id": null,
              "profile": "strict"
            },
            "local_routing": false,
            "name": "174_492-control-5-VLAN492",
            "org_id": "9433bc30-0867-4bab-b4af-a26c3c6aa645",
            "path_preference": null,
            "services": [
              "10_X_Y_51-UDP_123"
            ],
            "tenants": [
              "IOT_WIRED_VLAN492"
            ]
          },
          "sensitive_attributes": [],
          "dependencies": [
            "mist_org.terraform_test"
          ]
        }
      ]
    },
    {
      "mode": "managed",
      "type": "mist_org_servicepolicy",
      "name": "servicepolicy_23",
      "provider": "provider[\"registry.terraform.io/juniper/mist\"]",
      "instances": [
        {
          "schema_version": 0,
          "attributes": {
            "action": "allow",
            "appqoe": null,
            "ewf": null,
            "id": "cd9409d7-6d6b-4253-80a5-55457c9d05a5",
            "idp": {
              "alert_only": null,
              "enabled": false,
              "idpprofile_id": null,
              "profile": "strict"
            },
            "local_routing": false,
            "name": "179_pk-test-494-492-r2-VLAN492",
            "org_id": "9433bc30-0867-4bab-b4af-a26c3c6aa645",
            "path_preference": null,
            "services": [
              "Gr2_IoT_Wired"
            ],
            "tenants": [
              "IOT_WIRELESS_VLAN494"
            ]
          },
          "sensitive_attributes": [],
          "dependencies": [
            "mist_org.terraform_test"
          ]
        }
      ]
    },
    {
      "mode": "managed",
      "type": "mist_org_servicepolicy",
      "name": "servicepolicy_24",
      "provider": "provider[\"registry.terraform.io/juniper/mist\"]",
      "instances": [
        {
          "schema_version": 0,
          "attributes": {
            "action": "allow",
            "appqoe": null,
            "ewf": null,
            "id": "773497c5-4a2b-4dcb-936e-57f94a456b5d",
            "idp": {
              "alert_only": null,
              "enabled": false,
              "idpprofile_id": null,
              "profile": "strict"
            },
            "local_routing": false,
            "name": "029_410-492-2331-1-VLAN410",
            "org_id": "9433bc30-0867-4bab-b4af-a26c3c6aa645",
            "path_preference": null,
            "services": [
              "192_168_92_192-26-TCP_22501"
            ],
            "tenants": [
              "CORE_VLAN410"
            ]
          },
          "sensitive_attributes": [],
          "dependencies": [
            "mist_org.terraform_test"
          ]
        }
      ]
    },
    {
      "mode": "managed",
      "type": "mist_org_servicepolicy",
      "name": "servicepolicy_25",
      "provider": "provider[\"registry.terraform.io/juniper/mist\"]",
      "instances": [
        {
          "schema_version": 0,
          "attributes": {
            "action": "allow",
            "appqoe": null,
            "ewf": null,
            "id": "9ffad197-7f0c-42bb-ab03-a631d6f23c7c",
            "idp": {
              "alert_only": null,
              "enabled": false,
              "idpprofile_id": null,
              "profile": "strict"
            },
            "local_routing": false,
            "name": "095_410-cod-12-VLAN430",
            "org_id": "9433bc30-0867-4bab-b4af-a26c3c6aa645",
            "path_preference": null,
            "services": [
              "10_X_Y_171-TCP_225"
            ],
            "tenants": [
              "CORE_14.CORE_VLAN410"
            ]
          },
          "sensitive_attributes": [],
          "dependencies": [
            "mist_org.terraform_test"
          ]
        }
      ]
    },
    {
      "mode": "managed",
      "type": "mist_org_servicepolicy",
      "name": "servicepolicy_26",
      "provider": "provider[\"registry.terraform.io/juniper/mist\"]",
      "instances": [
        {
          "schema_version": 0,
          "attributes": {
            "action": "allow",
            "appqoe": null,
            "ewf": null,
            "id": "5cf830e9-dd9a-43dd-9577-20bbcf6b4b23",
            "idp": {
              "alert_only": null,
              "enabled": false,
              "idpprofile_id": null,
              "profile": "strict"
            },
            "local_routing": false,
            "name": "180_pk-test-494-492-r3-VLAN492",
            "org_id": "9433bc30-0867-4bab-b4af-a26c3c6aa645",
            "path_preference": null,
            "services": [
              "Gr2_IoT_Wired"
            ],
            "tenants": [
              "IOT_WIRELESS_VLAN494"
            ]
          },
          "sensitive_attributes": [],
          "dependencies": [
            "mist_org.terraform_test"
          ]
        }
      ]
    },
    {
      "mode": "managed",
      "type": "mist_org_servicepolicy",
      "name": "servicepolicy_27",
      "provider": "provider[\"registry.terraform.io/juniper/mist\"]",
      "instances": [
        {
          "schema_version": 0,
          "attributes": {
            "action": "allow",
            "appqoe": null,
            "ewf": null,
            "id": "3d8c4cb1-fc29-44e1-9c47-9bedd9d54f56",
            "idp": {
              "alert_only": null,
              "enabled": false,
              "idpprofile_id": null,
              "profile": "strict"
            },
            "local_routing": false,
            "name": "030_410-492-2331-2-VLAN410",
            "org_id": "9433bc30-0867-4bab-b4af-a26c3c6aa645",
            "path_preference": null,
            "services": [
              "10_X_Y_0-25-TCP_22500"
            ],
            "tenants": [
              "Gr_IoT_WIRED.IOT_WIRED_VLAN492"
            ]
          },
          "sensitive_attributes": [],
          "dependencies": [
            "mist_org.terraform_test"
          ]
        }
      ]
    },
    {
      "mode": "managed",
      "type": "mist_org_servicepolicy",
      "name": "servicepolicy_28",
      "provider": "provider[\"registry.terraform.io/juniper/mist\"]",
      "instances": [
        {
          "schema_version": 0,
          "attributes": {
            "action": "allow",
            "appqoe": null,
            "ewf": null,
            "id": "c9a2b5ca-cd96-44f0-9fc4-37ad299d4c61",
            "idp": {
              "alert_only": null,
              "enabled": false,
              "idpprofile_id": null,
              "profile": "strict"
            },
            "local_routing": false,
            "name": "175a_492-control-6-VLAN492",
            "org_id": "9433bc30-0867-4bab-b4af-a26c3c6aa645",
            "path_preference": null,
            "services": [
              "10_X_Y_62-UDP_123"
            ],
            "tenants": [
              "IOT_WIRED_VLAN492"
            ]
          },
          "sensitive_attributes": [],
          "dependencies": [
            "mist_org.terraform_test"
          ]
        }
      ]
    },
    {
      "mode": "managed",
      "type": "mist_org_servicepolicy",
      "name": "servicepolicy_29",
      "provider": "provider[\"registry.terraform.io/juniper/mist\"]",
      "instances": [
        {
          "schema_version": 0,
          "attributes": {
            "action": "allow",
            "appqoe": null,
            "ewf": null,
            "id": "4c964ef0-0d16-4f55-9fa3-b631bc8f0c20",
            "idp": {
              "alert_only": null,
              "enabled": false,
              "idpprofile_id": null,
              "profile": "strict"
            },
            "local_routing": false,
            "name": "150_control-vlan-490-2-VLAN490",
            "org_id": "9433bc30-0867-4bab-b4af-a26c3c6aa645",
            "path_preference": null,
            "services": [
              "192_168_90_129-ICMP"
            ],
            "tenants": [
              "UNTRUSTED_VLAN490"
            ]
          },
          "sensitive_attributes": [],
          "dependencies": [
            "mist_org.terraform_test"
          ]
        }
      ]
    },
    {
      "mode": "managed",
      "type": "mist_org_servicepolicy",
      "name": "servicepolicy_3",
      "provider": "provider[\"registry.terraform.io/juniper/mist\"]",
      "instances": [
        {
          "schema_version": 0,
          "attributes": {
            "action": "allow",
            "appqoe": null,
            "ewf": null,
            "id": "2730c751-29ff-4d12-9e74-19b4e9bdd318",
            "idp": {
              "alert_only": null,
              "enabled": false,
              "idpprofile_id": null,
              "profile": "strict"
            },
            "local_routing": false,
            "name": "018_410-420-bi-com-1-VLAN410",
            "org_id": "9433bc30-0867-4bab-b4af-a26c3c6aa645",
            "path_preference": null,
            "services": [
              "CORE_1_25-TCP-8123"
            ],
            "tenants": [
              "RESTRICTED_VLAN420"
            ]
          },
          "sensitive_attributes": [],
          "dependencies": [
            "mist_org.terraform_test"
          ]
        }
      ]
    },
    {
      "mode": "managed",
      "type": "mist_org_servicepolicy",
      "name": "servicepolicy_30",
      "provider": "provider[\"registry.terraform.io/juniper/mist\"]",
      "instances": [
        {
          "schema_version": 0,
          "attributes": {
            "action": "allow",
            "appqoe": null,
            "ewf": null,
            "id": "f8f1c758-fa58-4396-af0f-db484d0025ec",
            "idp": {
              "alert_only": null,
              "enabled": false,
              "idpprofile_id": null,
              "profile": "strict"
            },
            "local_routing": false,
            "name": "031_410-492-2331-3-VLAN410",
            "org_id": "9433bc30-0867-4bab-b4af-a26c3c6aa645",
            "path_preference": null,
            "services": [
              "10_X_Y_0-25-TCP_22501"
            ],
            "tenants": [
              "Gr_IoT_WIRED.IOT_WIRED_VLAN492"
            ]
          },
          "sensitive_attributes": [],
          "dependencies": [
            "mist_org.terraform_test"
          ]
        }
      ]
    },
    {
      "mode": "managed",
      "type": "mist_org_servicepolicy",
      "name": "servicepolicy_31",
      "provider": "provider[\"registry.terraform.io/juniper/mist\"]",
      "instances": [
        {
          "schema_version": 0,
          "attributes": {
            "action": "allow",
            "appqoe": null,
            "ewf": null,
            "id": "4fd7a4f5-0521-4fa5-9a7c-a17ffb96d6ec",
            "idp": {
              "alert_only": null,
              "enabled": false,
              "idpprofile_id": null,
              "profile": "strict"
            },
            "local_routing": false,
            "name": "039_410-cod-7-VLAN410",
            "org_id": "9433bc30-0867-4bab-b4af-a26c3c6aa645",
            "path_preference": null,
            "services": [
              "10_X_Y_169-TCP_225"
            ],
            "tenants": [
              "CORE_12.CORE_VLAN410"
            ]
          },
          "sensitive_attributes": [],
          "dependencies": [
            "mist_org.terraform_test"
          ]
        }
      ]
    },
    {
      "mode": "managed",
      "type": "mist_org_servicepolicy",
      "name": "servicepolicy_32",
      "provider": "provider[\"registry.terraform.io/juniper/mist\"]",
      "instances": [
        {
          "schema_version": 0,
          "attributes": {
            "action": "allow",
            "appqoe": null,
            "ewf": null,
            "id": "6042c48d-0c38-48e2-a2e1-6d3033647b51",
            "idp": {
              "alert_only": null,
              "enabled": false,
              "idpprofile_id": null,
              "profile": "strict"
            },
            "local_routing": false,
            "name": "096_410-cod-13-VLAN430",
            "org_id": "9433bc30-0867-4bab-b4af-a26c3c6aa645",
            "path_preference": null,
            "services": [
              "10_X_Y_172-TCP_225"
            ],
            "tenants": [
              "CORE_14.CORE_VLAN410"
            ]
          },
          "sensitive_attributes": [],
          "dependencies": [
            "mist_org.terraform_test"
          ]
        }
      ]
    },
    {
      "mode": "managed",
      "type": "mist_org_servicepolicy",
      "name": "servicepolicy_33",
      "provider": "provider[\"registry.terraform.io/juniper/mist\"]",
      "instances": [
        {
          "schema_version": 0,
          "attributes": {
            "action": "allow",
            "appqoe": null,
            "ewf": null,
            "id": "d31eb52b-eca5-4947-beb7-ff26e19bd4ad",
            "idp": {
              "alert_only": null,
              "enabled": false,
              "idpprofile_id": null,
              "profile": "strict"
            },
            "local_routing": false,
            "name": "151_livestore-sec-cam-0-VLAN490",
            "org_id": "9433bc30-0867-4bab-b4af-a26c3c6aa645",
            "path_preference": null,
            "services": [
              "192_168_90_130-TCP_80"
            ],
            "tenants": [
              "CORE_51.CORE_VLAN410"
            ]
          },
          "sensitive_attributes": [],
          "dependencies": [
            "mist_org.terraform_test"
          ]
        }
      ]
    },
    {
      "mode": "managed",
      "type": "mist_org_servicepolicy",
      "name": "servicepolicy_34",
      "provider": "provider[\"registry.terraform.io/juniper/mist\"]",
      "instances": [
        {
          "schema_version": 0,
          "attributes": {
            "action": "allow",
            "appqoe": null,
            "ewf": null,
            "id": "063a0507-ac5e-458e-9b13-f4b3abf88ac5",
            "idp": {
              "alert_only": null,
              "enabled": false,
              "idpprofile_id": null,
              "profile": "strict"
            },
            "local_routing": false,
            "name": "032_410-cod-0-VLAN410",
            "org_id": "9433bc30-0867-4bab-b4af-a26c3c6aa645",
            "path_preference": null,
            "services": [
              "10_X_Y_160-27-TCP_225"
            ],
            "tenants": [
              "Gr_CORE_12_14_25.CORE_VLAN410"
            ]
          },
          "sensitive_attributes": [],
          "dependencies": [
            "mist_org.terraform_test"
          ]
        }
      ]
    },
    {
      "mode": "managed",
      "type": "mist_org_servicepolicy",
      "name": "servicepolicy_35",
      "provider": "provider[\"registry.terraform.io/juniper/mist\"]",
      "instances": [
        {
          "schema_version": 0,
          "attributes": {
            "action": "allow",
            "appqoe": null,
            "ewf": null,
            "id": "eee30657-03d8-4140-859d-6b138f0dce1e",
            "idp": {
              "alert_only": null,
              "enabled": false,
              "idpprofile_id": null,
              "profile": "strict"
            },
            "local_routing": false,
            "name": "064_livestore-sec-cam-4-VLAN410",
            "org_id": "9433bc30-0867-4bab-b4af-a26c3c6aa645",
            "path_preference": null,
            "services": [
              "192_168_90_130-TCP_20000"
            ],
            "tenants": [
              "CORE_51.CORE_VLAN410"
            ]
          },
          "sensitive_attributes": [],
          "dependencies": [
            "mist_org.terraform_test"
          ]
        }
      ]
    },
    {
      "mode": "managed",
      "type": "mist_org_servicepolicy",
      "name": "servicepolicy_36",
      "provider": "provider[\"registry.terraform.io/juniper/mist\"]",
      "instances": [
        {
          "schema_version": 0,
          "attributes": {
            "action": "deny",
            "appqoe": null,
            "ewf": null,
            "id": "2e2addb5-0ef1-41cd-a89b-9773e07682bb",
            "idp": {
              "alert_only": null,
              "enabled": false,
              "idpprofile_id": null,
              "profile": "strict"
            },
            "local_routing": false,
            "name": "097_papi-block-0-VLAN450",
            "org_id": "9433bc30-0867-4bab-b4af-a26c3c6aa645",
            "path_preference": null,
            "services": [
              "ANY-UDP_8209"
            ],
            "tenants": [
              "PUBLIC_VLAN450"
            ]
          },
          "sensitive_attributes": [],
          "dependencies": [
            "mist_org.terraform_test"
          ]
        }
      ]
    },
    {
      "mode": "managed",
      "type": "mist_org_servicepolicy",
      "name": "servicepolicy_37",
      "provider": "provider[\"registry.terraform.io/juniper/mist\"]",
      "instances": [
        {
          "schema_version": 0,
          "attributes": {
            "action": "deny",
            "appqoe": null,
            "ewf": null,
            "id": "d44d7f01-2e0e-47e0-8035-1e5822ffc314",
            "idp": {
              "alert_only": null,
              "enabled": false,
              "idpprofile_id": null,
              "profile": "strict"
            },
            "local_routing": false,
            "name": "104_papi-block-0-VLAN451",
            "org_id": "9433bc30-0867-4bab-b4af-a26c3c6aa645",
            "path_preference": null,
            "services": [
              "ANY-UDP_8209"
            ],
            "tenants": [
              "CREW_VLAN451"
            ]
          },
          "sensitive_attributes": [],
          "dependencies": [
            "mist_org.terraform_test"
          ]
        }
      ]
    },
    {
      "mode": "managed",
      "type": "mist_org_servicepolicy",
      "name": "servicepolicy_38",
      "provider": "provider[\"registry.terraform.io/juniper/mist\"]",
      "instances": [
        {
          "schema_version": 0,
          "attributes": {
            "action": "allow",
            "appqoe": null,
            "ewf": null,
            "id": "d89c08d9-c551-4a7b-93c7-e4b20d92a888",
            "idp": {
              "alert_only": null,
              "enabled": false,
              "idpprofile_id": null,
              "profile": "strict"
            },
            "local_routing": false,
            "name": "112_int-src-nat-pri4-0-VLAN451",
            "org_id": "9433bc30-0867-4bab-b4af-a26c3c6aa645",
            "path_preference": null,
            "services": [
              "any"
            ],
            "tenants": [
              "CREW_VLAN451"
            ]
          },
          "sensitive_attributes": [],
          "dependencies": [
            "mist_org.terraform_test"
          ]
        }
      ]
    },
    {
      "mode": "managed",
      "type": "mist_org_servicepolicy",
      "name": "servicepolicy_39",
      "provider": "provider[\"registry.terraform.io/juniper/mist\"]",
      "instances": [
        {
          "schema_version": 0,
          "attributes": {
            "action": "allow",
            "appqoe": null,
            "ewf": null,
            "id": "90e72247-485d-4ca0-84a9-c3cb99668931",
            "idp": {
              "alert_only": null,
              "enabled": false,
              "idpprofile_id": null,
              "profile": "strict"
            },
            "local_routing": false,
            "name": "033_410-cod-1-VLAN410",
            "org_id": "9433bc30-0867-4bab-b4af-a26c3c6aa645",
            "path_preference": null,
            "services": [
              "10_X_Y_160-27-TCP_4983"
            ],
            "tenants": [
              "Gr_CORE_12_14_25.CORE_VLAN410"
            ]
          },
          "sensitive_attributes": [],
          "dependencies": [
            "mist_org.terraform_test"
          ]
        }
      ]
    },
    {
      "mode": "managed",
      "type": "mist_org_servicepolicy",
      "name": "servicepolicy_4",
      "provider": "provider[\"registry.terraform.io/juniper/mist\"]",
      "instances": [
        {
          "schema_version": 0,
          "attributes": {
            "action": "allow",
            "appqoe": null,
            "ewf": null,
            "id": "7c9f8d44-1bd1-4424-ba12-0f9bef6128c8",
            "idp": {
              "alert_only": null,
              "enabled": false,
              "idpprofile_id": null,
              "profile": "strict"
            },
            "local_routing": false,
            "name": "090_410-cod-7-VLAN430",
            "org_id": "9433bc30-0867-4bab-b4af-a26c3c6aa645",
            "path_preference": null,
            "services": [
              "10_X_Y_169-TCP_225"
            ],
            "tenants": [
              "CORE_12.CORE_VLAN410"
            ]
          },
          "sensitive_attributes": [],
          "dependencies": [
            "mist_org.terraform_test"
          ]
        }
      ]
    },
    {
      "mode": "managed",
      "type": "mist_org_servicepolicy",
      "name": "servicepolicy_40",
      "provider": "provider[\"registry.terraform.io/juniper/mist\"]",
      "instances": [
        {
          "schema_version": 0,
          "attributes": {
            "action": "deny",
            "appqoe": null,
            "ewf": null,
            "id": "f3a6436c-5ae0-4e2e-a518-d9d8601e596a",
            "idp": {
              "alert_only": null,
              "enabled": false,
              "idpprofile_id": null,
              "profile": "strict"
            },
            "local_routing": false,
            "name": "157_deny-rfc-privateip-0-VLAN490",
            "org_id": "9433bc30-0867-4bab-b4af-a26c3c6aa645",
            "path_preference": null,
            "services": [
              "192_168_0_0-16-ANY"
            ],
            "tenants": [
              "UNTRUSTED_VLAN490"
            ]
          },
          "sensitive_attributes": [],
          "dependencies": [
            "mist_org.terraform_test"
          ]
        }
      ]
    },
    {
      "mode": "managed",
      "type": "mist_org_servicepolicy",
      "name": "servicepolicy_41",
      "provider": "provider[\"registry.terraform.io/juniper/mist\"]",
      "instances": [
        {
          "schema_version": 0,
          "attributes": {
            "action": "deny",
            "appqoe": null,
            "ewf": null,
            "id": "97bcfe2e-cc76-4486-8173-606b8d26bd8e",
            "idp": {
              "alert_only": null,
              "enabled": false,
              "idpprofile_id": null,
              "profile": "strict"
            },
            "local_routing": false,
            "name": "098_papi-block-1-VLAN450",
            "org_id": "9433bc30-0867-4bab-b4af-a26c3c6aa645",
            "path_preference": null,
            "services": [
              "ANY-UDP_8211"
            ],
            "tenants": [
              "PUBLIC_VLAN450"
            ]
          },
          "sensitive_attributes": [],
          "dependencies": [
            "mist_org.terraform_test"
          ]
        }
      ]
    },
    {
      "mode": "managed",
      "type": "mist_org_servicepolicy",
      "name": "servicepolicy_42",
      "provider": "provider[\"registry.terraform.io/juniper/mist\"]",
      "instances": [
        {
          "schema_version": 0,
          "attributes": {
            "action": "allow",
            "appqoe": null,
            "ewf": null,
            "id": "9cbbf21f-f60a-4698-9661-54f26c3c5d9f",
            "idp": {
              "alert_only": null,
              "enabled": false,
              "idpprofile_id": null,
              "profile": "strict"
            },
            "local_routing": false,
            "name": "182_pk-test-492-410-r0-VLAN492",
            "org_id": "9433bc30-0867-4bab-b4af-a26c3c6aa645",
            "path_preference": null,
            "services": [
              "10_X_Y_25-TCP_1883"
            ],
            "tenants": [
              "Gr2_IoT_Wired.IOT_WIRED_VLAN492"
            ]
          },
          "sensitive_attributes": [],
          "dependencies": [
            "mist_org.terraform_test"
          ]
        }
      ]
    },
    {
      "mode": "managed",
      "type": "mist_org_servicepolicy",
      "name": "servicepolicy_43",
      "provider": "provider[\"registry.terraform.io/juniper/mist\"]",
      "instances": [
        {
          "schema_version": 0,
          "attributes": {
            "action": "allow",
            "appqoe": null,
            "ewf": null,
            "id": "cdb586a4-ced9-4c98-9aea-2663d0fdd9fb",
            "idp": {
              "alert_only": null,
              "enabled": false,
              "idpprofile_id": null,
              "profile": "strict"
            },
            "local_routing": false,
            "name": "034_410-cod-2-VLAN410",
            "org_id": "9433bc30-0867-4bab-b4af-a26c3c6aa645",
            "path_preference": null,
            "services": [
              "10_X_Y_168-TCP_225"
            ],
            "tenants": [
              "CORE_25.CORE_VLAN410"
            ]
          },
          "sensitive_attributes": [],
          "dependencies": [
            "mist_org.terraform_test"
          ]
        }
      ]
    },
    {
      "mode": "managed",
      "type": "mist_org_servicepolicy",
      "name": "servicepolicy_44",
      "provider": "provider[\"registry.terraform.io/juniper/mist\"]",
      "instances": [
        {
          "schema_version": 0,
          "attributes": {
            "action": "allow",
            "appqoe": null,
            "ewf": null,
            "id": "74af72b3-0149-4245-9ade-6efbc56fb5e7",
            "idp": {
              "alert_only": null,
              "enabled": false,
              "idpprofile_id": null,
              "profile": "strict"
            },
            "local_routing": false,
            "name": "101_450-control-2-VLAN450",
            "org_id": "9433bc30-0867-4bab-b4af-a26c3c6aa645",
            "path_preference": null,
            "services": [
              "ANY-UDP_53"
            ],
            "tenants": [
              "PUBLIC_VLAN450"
            ]
          },
          "sensitive_attributes": [],
          "dependencies": [
            "mist_org.terraform_test"
          ]
        }
      ]
    },
    {
      "mode": "managed",
      "type": "mist_org_servicepolicy",
      "name": "servicepolicy_45",
      "provider": "provider[\"registry.terraform.io/juniper/mist\"]",
      "instances": [
        {
          "schema_version": 0,
          "attributes": {
            "action": "allow",
            "appqoe": null,
            "ewf": null,
            "id": "3519e7a4-949d-4b72-8de0-0bd874f11a1a",
            "idp": {
              "alert_only": null,
              "enabled": false,
              "idpprofile_id": null,
              "profile": "strict"
            },
            "local_routing": false,
            "name": "109b_control-limited-4-VLAN451",
            "org_id": "9433bc30-0867-4bab-b4af-a26c3c6aa645",
            "path_preference": null,
            "services": [
              "10_X_Y_129-UDP_123"
            ],
            "tenants": [
              "CREW_VLAN451"
            ]
          },
          "sensitive_attributes": [],
          "dependencies": [
            "mist_org.terraform_test"
          ]
        }
      ]
    },
    {
      "mode": "managed",
      "type": "mist_org_servicepolicy",
      "name": "servicepolicy_46",
      "provider": "provider[\"registry.terraform.io/juniper/mist\"]",
      "instances": [
        {
          "schema_version": 0,
          "attributes": {
            "action": "allow",
            "appqoe": null,
            "ewf": null,
            "id": "5289d322-7a98-4963-b83b-b23145ee811a",
            "idp": {
              "alert_only": null,
              "enabled": false,
              "idpprofile_id": null,
              "profile": "strict"
            },
            "local_routing": false,
            "name": "Default-rule",
            "org_id": "9433bc30-0867-4bab-b4af-a26c3c6aa645",
            "path_preference": null,
            "services": [
              "any"
            ],
            "tenants": [
              "CORE_VLAN410",
              "RESTRICTED_VLAN420",
              "MANAGEMENT_VLAN430",
              "PCI_VLAN440",
              "PRIVATE_VLAN491",
              "IOT_WIRED_VLAN492",
              "IOT_WIRELESS_VLAN494",
              "SECONDARY_UNTRUSTED_VLAN490.UNTRUSTED_VLAN490",
              "SECONDARY_PRIVATE_VLAN491.PRIVATE_VLAN491",
              "SECONDARY_IOT_WIRELESS_VLAN494.IOT_WIRELESS_VLAN494",
              "SECONDARY_CREW_VLAN451.CREW_VLAN451",
              "SECONDARY_IOT_WIRED_VLAN492.IOT_WIRED_VLAN492"
            ]
          },
          "sensitive_attributes": [],
          "dependencies": [
            "mist_org.terraform_test"
          ]
        }
      ]
    },
    {
      "mode": "managed",
      "type": "mist_org_servicepolicy",
      "name": "servicepolicy_47",
      "provider": "provider[\"registry.terraform.io/juniper/mist\"]",
      "instances": [
        {
          "schema_version": 0,
          "attributes": {
            "action": "allow",
            "appqoe": null,
            "ewf": null,
            "id": "0e77d6b8-f2a0-4020-b605-4714c0aa5985",
            "idp": {
              "alert_only": null,
              "enabled": false,
              "idpprofile_id": null,
              "profile": "strict"
            },
            "local_routing": false,
            "name": "099_450-control-0-VLAN450",
            "org_id": "9433bc30-0867-4bab-b4af-a26c3c6aa645",
            "path_preference": null,
            "services": [
              "ANY-TCP_1163",
              "ANY-TCP_8112"
            ],
            "tenants": [
              "PUBLIC_VLAN450"
            ]
          },
          "sensitive_attributes": [],
          "dependencies": [
            "mist_org.terraform_test"
          ]
        }
      ]
    },
    {
      "mode": "managed",
      "type": "mist_org_servicepolicy",
      "name": "servicepolicy_48",
      "provider": "provider[\"registry.terraform.io/juniper/mist\"]",
      "instances": [
        {
          "schema_version": 0,
          "attributes": {
            "action": "allow",
            "appqoe": null,
            "ewf": null,
            "id": "78dfa536-2cd4-4861-8ab7-515a210b324f",
            "idp": {
              "alert_only": null,
              "enabled": false,
              "idpprofile_id": null,
              "profile": "strict"
            },
            "local_routing": false,
            "name": "035_410-cod-3-VLAN410",
            "org_id": "9433bc30-0867-4bab-b4af-a26c3c6aa645",
            "path_preference": null,
            "services": [
              "10_X_Y_169-TCP_225"
            ],
            "tenants": [
              "CORE_25.CORE_VLAN410"
            ]
          },
          "sensitive_attributes": [],
          "dependencies": [
            "mist_org.terraform_test"
          ]
        }
      ]
    },
    {
      "mode": "managed",
      "type": "mist_org_servicepolicy",
      "name": "servicepolicy_49",
      "provider": "provider[\"registry.terraform.io/juniper/mist\"]",
      "instances": [
        {
          "schema_version": 0,
          "attributes": {
            "action": "allow",
            "appqoe": null,
            "ewf": null,
            "id": "9ad68c79-4e36-40e6-9dbc-b81d412ef25d",
            "idp": {
              "alert_only": null,
              "enabled": false,
              "idpprofile_id": null,
              "profile": "strict"
            },
            "local_routing": false,
            "name": "176b_492-control-7-VLAN492",
            "org_id": "9433bc30-0867-4bab-b4af-a26c3c6aa645",
            "path_preference": null,
            "services": [
              "10_X_Y_129-UDP_53"
            ],
            "tenants": [
              "IOT_WIRED_VLAN492"
            ]
          },
          "sensitive_attributes": [],
          "dependencies": [
            "mist_org.terraform_test"
          ]
        }
      ]
    },
    {
      "mode": "managed",
      "type": "mist_org_servicepolicy",
      "name": "servicepolicy_5",
      "provider": "provider[\"registry.terraform.io/juniper/mist\"]",
      "instances": [
        {
          "schema_version": 0,
          "attributes": {
            "action": "allow",
            "appqoe": null,
            "ewf": null,
            "id": "0a3e34cd-0aaa-4618-9b8d-21e86ea13be5",
            "idp": {
              "alert_only": null,
              "enabled": false,
              "idpprofile_id": null,
              "profile": "strict"
            },
            "local_routing": false,
            "name": "002f-ped-devices-rules-0-VLAN410",
            "org_id": "9433bc30-0867-4bab-b4af-a26c3c6aa645",
            "path_preference": null,
            "services": [
              "192_168_94_1-UDP_53"
            ],
            "tenants": [
              "PED_DEVICES-CORE-DNS.CORE_VLAN410",
              "PED_DEVICES-RESTRICTED-DNS.RESTRICTED_VLAN420"
            ]
          },
          "sensitive_attributes": [],
          "dependencies": [
            "mist_org.terraform_test"
          ]
        }
      ]
    },
    {
      "mode": "managed",
      "type": "mist_org_servicepolicy",
      "name": "servicepolicy_50",
      "provider": "provider[\"registry.terraform.io/juniper/mist\"]",
      "instances": [
        {
          "schema_version": 0,
          "attributes": {
            "action": "allow",
            "appqoe": null,
            "ewf": null,
            "id": "da752b64-b382-4bbd-b5cc-6f3c6e112063",
            "idp": {
              "alert_only": null,
              "enabled": false,
              "idpprofile_id": null,
              "profile": "strict"
            },
            "local_routing": false,
            "name": "175f_492-control-7-VLAN492",
            "org_id": "9433bc30-0867-4bab-b4af-a26c3c6aa645",
            "path_preference": null,
            "services": [
              "192_168_94_1-UDP_123"
            ],
            "tenants": [
              "IOT_WIRED_VLAN492"
            ]
          },
          "sensitive_attributes": [],
          "dependencies": [
            "mist_org.terraform_test"
          ]
        }
      ]
    },
    {
      "mode": "managed",
      "type": "mist_org_servicepolicy",
      "name": "servicepolicy_51",
      "provider": "provider[\"registry.terraform.io/juniper/mist\"]",
      "instances": [
        {
          "schema_version": 0,
          "attributes": {
            "action": "allow",
            "appqoe": null,
            "ewf": null,
            "id": "9bbd3f3a-63be-415e-b924-f9adc58644cd",
            "idp": {
              "alert_only": null,
              "enabled": false,
              "idpprofile_id": null,
              "profile": "strict"
            },
            "local_routing": false,
            "name": "196_410-492-2331-3-VLAN492",
            "org_id": "9433bc30-0867-4bab-b4af-a26c3c6aa645",
            "path_preference": null,
            "services": [
              "10_X_Y_0-25-TCP_22501"
            ],
            "tenants": [
              "Gr_IoT_WIRED.IOT_WIRED_VLAN492"
            ]
          },
          "sensitive_attributes": [],
          "dependencies": [
            "mist_org.terraform_test"
          ]
        }
      ]
    },
    {
      "mode": "managed",
      "type": "mist_org_servicepolicy",
      "name": "servicepolicy_52",
      "provider": "provider[\"registry.terraform.io/juniper/mist\"]",
      "instances": [
        {
          "schema_version": 0,
          "attributes": {
            "action": "allow",
            "appqoe": null,
            "ewf": null,
            "id": "5da2259d-321a-44d8-8762-54c21ad02af3",
            "idp": {
              "alert_only": null,
              "enabled": false,
              "idpprofile_id": null,
              "profile": "strict"
            },
            "local_routing": false,
            "name": "037_410-cod-5-VLAN410",
            "org_id": "9433bc30-0867-4bab-b4af-a26c3c6aa645",
            "path_preference": null,
            "services": [
              "10_X_Y_172-TCP_225"
            ],
            "tenants": [
              "CORE_25.CORE_VLAN410"
            ]
          },
          "sensitive_attributes": [],
          "dependencies": [
            "mist_org.terraform_test"
          ]
        }
      ]
    },
    {
      "mode": "managed",
      "type": "mist_org_servicepolicy",
      "name": "servicepolicy_53",
      "provider": "provider[\"registry.terraform.io/juniper/mist\"]",
      "instances": [
        {
          "schema_version": 0,
          "attributes": {
            "action": "deny",
            "appqoe": null,
            "ewf": null,
            "id": "3a0dfd11-6b0b-4f47-adfe-51de1e2cf08b",
            "idp": {
              "alert_only": null,
              "enabled": false,
              "idpprofile_id": null,
              "profile": "strict"
            },
            "local_routing": false,
            "name": "103_URL-block",
            "org_id": "9433bc30-0867-4bab-b4af-a26c3c6aa645",
            "path_preference": null,
            "services": [
              "public_url_block"
            ],
            "tenants": [
              "PUBLIC_VLAN450"
            ]
          },
          "sensitive_attributes": [],
          "dependencies": [
            "mist_org.terraform_test"
          ]
        }
      ]
    },
    {
      "mode": "managed",
      "type": "mist_org_servicepolicy",
      "name": "servicepolicy_54",
      "provider": "provider[\"registry.terraform.io/juniper/mist\"]",
      "instances": [
        {
          "schema_version": 0,
          "attributes": {
            "action": "allow",
            "appqoe": null,
            "ewf": null,
            "id": "b78f34e8-89a7-475d-9b41-8f8da3e74668",
            "idp": {
              "alert_only": null,
              "enabled": false,
              "idpprofile_id": null,
              "profile": "strict"
            },
            "local_routing": false,
            "name": "013_qsrsoft-vm-rules-1-VLAN410",
            "org_id": "9433bc30-0867-4bab-b4af-a26c3c6aa645",
            "path_preference": null,
            "services": [
              "ANY-UDP_53"
            ],
            "tenants": [
              "CORE_23.CORE_VLAN410",
              "CORE_24.CORE_VLAN410"
            ]
          },
          "sensitive_attributes": [],
          "dependencies": [
            "mist_org.terraform_test"
          ]
        }
      ]
    },
    {
      "mode": "managed",
      "type": "mist_org_servicepolicy",
      "name": "servicepolicy_55",
      "provider": "provider[\"registry.terraform.io/juniper/mist\"]",
      "instances": [
        {
          "schema_version": 0,
          "attributes": {
            "action": "allow",
            "appqoe": null,
            "ewf": null,
            "id": "d657cdb6-41de-4b67-974d-db642d85275b",
            "idp": {
              "alert_only": null,
              "enabled": false,
              "idpprofile_id": null,
              "profile": "strict"
            },
            "local_routing": false,
            "name": "038_410-cod-6-VLAN410",
            "org_id": "9433bc30-0867-4bab-b4af-a26c3c6aa645",
            "path_preference": null,
            "services": [
              "10_X_Y_168-TCP_225"
            ],
            "tenants": [
              "CORE_12.CORE_VLAN410"
            ]
          },
          "sensitive_attributes": [],
          "dependencies": [
            "mist_org.terraform_test"
          ]
        }
      ]
    },
    {
      "mode": "managed",
      "type": "mist_org_servicepolicy",
      "name": "servicepolicy_56",
      "provider": "provider[\"registry.terraform.io/juniper/mist\"]",
      "instances": [
        {
          "schema_version": 0,
          "attributes": {
            "action": "allow",
            "appqoe": null,
            "ewf": null,
            "id": "cecb7cfe-252d-4d2d-9153-e597609d2d22",
            "idp": {
              "alert_only": null,
              "enabled": false,
              "idpprofile_id": null,
              "profile": "strict"
            },
            "local_routing": false,
            "name": "014_qsrsoft-vm-rules-2-VLAN410",
            "org_id": "9433bc30-0867-4bab-b4af-a26c3c6aa645",
            "path_preference": null,
            "services": [
              "ANY-UDP_123"
            ],
            "tenants": [
              "CORE_23.CORE_VLAN410",
              "CORE_24.CORE_VLAN410"
            ]
          },
          "sensitive_attributes": [],
          "dependencies": [
            "mist_org.terraform_test"
          ]
        }
      ]
    },
    {
      "mode": "managed",
      "type": "mist_org_servicepolicy",
      "name": "servicepolicy_57",
      "provider": "provider[\"registry.terraform.io/juniper/mist\"]",
      "instances": [
        {
          "schema_version": 0,
          "attributes": {
            "action": "allow",
            "appqoe": null,
            "ewf": null,
            "id": "0f09a193-6795-41e2-b8a2-5d35d8dcc3d2",
            "idp": {
              "alert_only": null,
              "enabled": false,
              "idpprofile_id": null,
              "profile": "strict"
            },
            "local_routing": false,
            "name": "041_410-cod-9-VLAN410",
            "org_id": "9433bc30-0867-4bab-b4af-a26c3c6aa645",
            "path_preference": null,
            "services": [
              "10_X_Y_172-TCP_225"
            ],
            "tenants": [
              "CORE_12.CORE_VLAN410"
            ]
          },
          "sensitive_attributes": [],
          "dependencies": [
            "mist_org.terraform_test"
          ]
        }
      ]
    },
    {
      "mode": "managed",
      "type": "mist_org_servicepolicy",
      "name": "servicepolicy_58",
      "provider": "provider[\"registry.terraform.io/juniper/mist\"]",
      "instances": [
        {
          "schema_version": 0,
          "attributes": {
            "action": "allow",
            "appqoe": null,
            "ewf": null,
            "id": "fbf01e42-8819-42d7-88cf-37fd57cc167e",
            "idp": {
              "alert_only": null,
              "enabled": false,
              "idpprofile_id": null,
              "profile": "strict"
            },
            "local_routing": false,
            "name": "166e_491-control-6-VLAN491",
            "org_id": "9433bc30-0867-4bab-b4af-a26c3c6aa645",
            "path_preference": null,
            "services": [
              "192_168_92_1-UDP_123"
            ],
            "tenants": [
              "PRIVATE_VLAN491"
            ]
          },
          "sensitive_attributes": [],
          "dependencies": [
            "mist_org.terraform_test"
          ]
        }
      ]
    },
    {
      "mode": "managed",
      "type": "mist_org_servicepolicy",
      "name": "servicepolicy_59",
      "provider": "provider[\"registry.terraform.io/juniper/mist\"]",
      "instances": [
        {
          "schema_version": 0,
          "attributes": {
            "action": "allow",
            "appqoe": null,
            "ewf": null,
            "id": "540912b4-7c26-403a-acd5-f7f7285dacb4",
            "idp": {
              "alert_only": null,
              "enabled": false,
              "idpprofile_id": null,
              "profile": "strict"
            },
            "local_routing": false,
            "name": "015_qsrsoft-vm-rules-3-VLAN410",
            "org_id": "9433bc30-0867-4bab-b4af-a26c3c6aa645",
            "path_preference": null,
            "services": [
              "ANY-TCP_80"
            ],
            "tenants": [
              "CORE_23.CORE_VLAN410",
              "CORE_24.CORE_VLAN410"
            ]
          },
          "sensitive_attributes": [],
          "dependencies": [
            "mist_org.terraform_test"
          ]
        }
      ]
    },
    {
      "mode": "managed",
      "type": "mist_org_servicepolicy",
      "name": "servicepolicy_6",
      "provider": "provider[\"registry.terraform.io/juniper/mist\"]",
      "instances": [
        {
          "schema_version": 0,
          "attributes": {
            "action": "allow",
            "appqoe": null,
            "ewf": null,
            "id": "ad0b82b0-cfb4-413b-94a9-7f143825d81f",
            "idp": {
              "alert_only": null,
              "enabled": false,
              "idpprofile_id": null,
              "profile": "strict"
            },
            "local_routing": false,
            "name": "100_450-control-1-VLAN450",
            "org_id": "9433bc30-0867-4bab-b4af-a26c3c6aa645",
            "path_preference": null,
            "services": [
              "ANY-UDP_67",
              "ANY-UDP_68"
            ],
            "tenants": [
              "PUBLIC_VLAN450"
            ]
          },
          "sensitive_attributes": [],
          "dependencies": [
            "mist_org.terraform_test"
          ]
        }
      ]
    },
    {
      "mode": "managed",
      "type": "mist_org_servicepolicy",
      "name": "servicepolicy_60",
      "provider": "provider[\"registry.terraform.io/juniper/mist\"]",
      "instances": [
        {
          "schema_version": 0,
          "attributes": {
            "action": "allow",
            "appqoe": null,
            "ewf": null,
            "id": "a3e002c1-626c-4dd1-9bf5-fd484da3f5a0",
            "idp": {
              "alert_only": null,
              "enabled": false,
              "idpprofile_id": null,
              "profile": "strict"
            },
            "local_routing": false,
            "name": "192_410-492-bi-comm-8-VLAN492",
            "org_id": "9433bc30-0867-4bab-b4af-a26c3c6aa645",
            "path_preference": null,
            "services": [
              "10_X_Y_0-25-TCP_22501"
            ],
            "tenants": [
              "Gr_IoT_WIRED.IOT_WIRED_VLAN492"
            ]
          },
          "sensitive_attributes": [],
          "dependencies": [
            "mist_org.terraform_test"
          ]
        }
      ]
    },
    {
      "mode": "managed",
      "type": "mist_org_servicepolicy",
      "name": "servicepolicy_61",
      "provider": "provider[\"registry.terraform.io/juniper/mist\"]",
      "instances": [
        {
          "schema_version": 0,
          "attributes": {
            "action": "allow",
            "appqoe": null,
            "ewf": null,
            "id": "a218dafa-8420-4792-b754-1a0a0339e095",
            "idp": {
              "alert_only": null,
              "enabled": false,
              "idpprofile_id": null,
              "profile": "strict"
            },
            "local_routing": false,
            "name": "042_410-cod-10-VLAN410",
            "org_id": "9433bc30-0867-4bab-b4af-a26c3c6aa645",
            "path_preference": null,
            "services": [
              "10_X_Y_168-TCP_225"
            ],
            "tenants": [
              "CORE_14.CORE_VLAN410"
            ]
          },
          "sensitive_attributes": [],
          "dependencies": [
            "mist_org.terraform_test"
          ]
        }
      ]
    },
    {
      "mode": "managed",
      "type": "mist_org_servicepolicy",
      "name": "servicepolicy_62",
      "provider": "provider[\"registry.terraform.io/juniper/mist\"]",
      "instances": [
        {
          "schema_version": 0,
          "attributes": {
            "action": "allow",
            "appqoe": null,
            "ewf": null,
            "id": "632f1f1c-88d0-47de-866b-60e9d4c10efe",
            "idp": {
              "alert_only": null,
              "enabled": false,
              "idpprofile_id": null,
              "profile": "strict"
            },
            "local_routing": false,
            "name": "193_410-492-2331-0-VLAN492",
            "org_id": "9433bc30-0867-4bab-b4af-a26c3c6aa645",
            "path_preference": null,
            "services": [
              "192_168_92_192-26-TCP_22500"
            ],
            "tenants": [
              "CORE_VLAN410"
            ]
          },
          "sensitive_attributes": [],
          "dependencies": [
            "mist_org.terraform_test"
          ]
        }
      ]
    },
    {
      "mode": "managed",
      "type": "mist_org_servicepolicy",
      "name": "servicepolicy_63",
      "provider": "provider[\"registry.terraform.io/juniper/mist\"]",
      "instances": [
        {
          "schema_version": 0,
          "attributes": {
            "action": "allow",
            "appqoe": null,
            "ewf": null,
            "id": "071024f2-0019-4ed8-b669-062f78023810",
            "idp": {
              "alert_only": null,
              "enabled": false,
              "idpprofile_id": null,
              "profile": "strict"
            },
            "local_routing": false,
            "name": "043_410-cod-11-VLAN410",
            "org_id": "9433bc30-0867-4bab-b4af-a26c3c6aa645",
            "path_preference": null,
            "services": [
              "10_X_Y_169-TCP_225"
            ],
            "tenants": [
              "CORE_14.CORE_VLAN410"
            ]
          },
          "sensitive_attributes": [],
          "dependencies": [
            "mist_org.terraform_test"
          ]
        }
      ]
    },
    {
      "mode": "managed",
      "type": "mist_org_servicepolicy",
      "name": "servicepolicy_64",
      "provider": "provider[\"registry.terraform.io/juniper/mist\"]",
      "instances": [
        {
          "schema_version": 0,
          "attributes": {
            "action": "allow",
            "appqoe": null,
            "ewf": null,
            "id": "2b45b17a-afde-46db-a692-70afe715cfe1",
            "idp": {
              "alert_only": null,
              "enabled": false,
              "idpprofile_id": null,
              "profile": "strict"
            },
            "local_routing": false,
            "name": "194_410-492-2331-1-VLAN492",
            "org_id": "9433bc30-0867-4bab-b4af-a26c3c6aa645",
            "path_preference": null,
            "services": [
              "192_168_92_192-26-TCP_22501"
            ],
            "tenants": [
              "CORE_VLAN410"
            ]
          },
          "sensitive_attributes": [],
          "dependencies": [
            "mist_org.terraform_test"
          ]
        }
      ]
    },
    {
      "mode": "managed",
      "type": "mist_org_servicepolicy",
      "name": "servicepolicy_65",
      "provider": "provider[\"registry.terraform.io/juniper/mist\"]",
      "instances": [
        {
          "schema_version": 0,
          "attributes": {
            "action": "allow",
            "appqoe": null,
            "ewf": null,
            "id": "82d934a2-8d8b-4913-9d3f-0032bd06bde9",
            "idp": {
              "alert_only": null,
              "enabled": false,
              "idpprofile_id": null,
              "profile": "strict"
            },
            "local_routing": false,
            "name": "044_410-cod-12-VLAN410",
            "org_id": "9433bc30-0867-4bab-b4af-a26c3c6aa645",
            "path_preference": null,
            "services": [
              "10_X_Y_171-TCP_225"
            ],
            "tenants": [
              "CORE_14.CORE_VLAN410"
            ]
          },
          "sensitive_attributes": [],
          "dependencies": [
            "mist_org.terraform_test"
          ]
        }
      ]
    },
    {
      "mode": "managed",
      "type": "mist_org_servicepolicy",
      "name": "servicepolicy_66",
      "provider": "provider[\"registry.terraform.io/juniper/mist\"]",
      "instances": [
        {
          "schema_version": 0,
          "attributes": {
            "action": "allow",
            "appqoe": null,
            "ewf": null,
            "id": "04529c7a-9c54-410b-a727-72294ca8617b",
            "idp": {
              "alert_only": null,
              "enabled": false,
              "idpprofile_id": null,
              "profile": "strict"
            },
            "local_routing": false,
            "name": "195_410-492-2331-2-VLAN492",
            "org_id": "9433bc30-0867-4bab-b4af-a26c3c6aa645",
            "path_preference": null,
            "services": [
              "10_X_Y_0-25-TCP_22500"
            ],
            "tenants": [
              "Gr_IoT_WIRED.IOT_WIRED_VLAN492"
            ]
          },
          "sensitive_attributes": [],
          "dependencies": [
            "mist_org.terraform_test"
          ]
        }
      ]
    },
    {
      "mode": "managed",
      "type": "mist_org_servicepolicy",
      "name": "servicepolicy_67",
      "provider": "provider[\"registry.terraform.io/juniper/mist\"]",
      "instances": [
        {
          "schema_version": 0,
          "attributes": {
            "action": "allow",
            "appqoe": null,
            "ewf": null,
            "id": "009546e8-390f-4f8d-9ef1-b24639265e79",
            "idp": {
              "alert_only": null,
              "enabled": false,
              "idpprofile_id": null,
              "profile": "strict"
            },
            "local_routing": false,
            "name": "232g_494-control-6-VLAN494",
            "org_id": "9433bc30-0867-4bab-b4af-a26c3c6aa645",
            "path_preference": null,
            "services": [
              "192_168_91_1-UDP_123"
            ],
            "tenants": [
              "IOT_WIRELESS_VLAN494"
            ]
          },
          "sensitive_attributes": [],
          "dependencies": [
            "mist_org.terraform_test"
          ]
        }
      ]
    },
    {
      "mode": "managed",
      "type": "mist_org_servicepolicy",
      "name": "servicepolicy_68",
      "provider": "provider[\"registry.terraform.io/juniper/mist\"]",
      "instances": [
        {
          "schema_version": 0,
          "attributes": {
            "action": "allow",
            "appqoe": null,
            "ewf": null,
            "id": "3a0d4842-8b41-4b70-a4e5-2caa4c374212",
            "idp": {
              "alert_only": null,
              "enabled": false,
              "idpprofile_id": null,
              "profile": "strict"
            },
            "local_routing": false,
            "name": "045_410-cod-13-VLAN410",
            "org_id": "9433bc30-0867-4bab-b4af-a26c3c6aa645",
            "path_preference": null,
            "services": [
              "10_X_Y_172-TCP_225"
            ],
            "tenants": [
              "CORE_14.CORE_VLAN410"
            ]
          },
          "sensitive_attributes": [],
          "dependencies": [
            "mist_org.terraform_test"
          ]
        }
      ]
    },
    {
      "mode": "managed",
      "type": "mist_org_servicepolicy",
      "name": "servicepolicy_69",
      "provider": "provider[\"registry.terraform.io/juniper/mist\"]",
      "instances": [
        {
          "schema_version": 0,
          "attributes": {
            "action": "allow",
            "appqoe": null,
            "ewf": null,
            "id": "174089aa-a7c5-455b-9b33-b328bd103081",
            "idp": {
              "alert_only": null,
              "enabled": false,
              "idpprofile_id": null,
              "profile": "strict"
            },
            "local_routing": false,
            "name": "103_int-src-nat-pri4-0-VLAN450",
            "org_id": "9433bc30-0867-4bab-b4af-a26c3c6aa645",
            "path_preference": null,
            "services": [
              "any"
            ],
            "tenants": [
              "PUBLIC_VLAN450"
            ]
          },
          "sensitive_attributes": [],
          "dependencies": [
            "mist_org.terraform_test"
          ]
        }
      ]
    },
    {
      "mode": "managed",
      "type": "mist_org_servicepolicy",
      "name": "servicepolicy_7",
      "provider": "provider[\"registry.terraform.io/juniper/mist\"]",
      "instances": [
        {
          "schema_version": 0,
          "attributes": {
            "action": "allow",
            "appqoe": null,
            "ewf": null,
            "id": "49b47e65-2b37-4480-a349-394e97c6377f",
            "idp": {
              "alert_only": null,
              "enabled": false,
              "idpprofile_id": null,
              "profile": "strict"
            },
            "local_routing": false,
            "name": "025_410-492-bi-com-6-VLAN410",
            "org_id": "9433bc30-0867-4bab-b4af-a26c3c6aa645",
            "path_preference": null,
            "services": [
              "192_168_92_192-26-TCP_22501"
            ],
            "tenants": [
              "CORE_VLAN410"
            ]
          },
          "sensitive_attributes": [],
          "dependencies": [
            "mist_org.terraform_test"
          ]
        }
      ]
    },
    {
      "mode": "managed",
      "type": "mist_org_servicepolicy",
      "name": "servicepolicy_70",
      "provider": "provider[\"registry.terraform.io/juniper/mist\"]",
      "instances": [
        {
          "schema_version": 0,
          "attributes": {
            "action": "allow",
            "appqoe": null,
            "ewf": null,
            "id": "230cb2f7-24ed-4191-87d7-817ee97a262d",
            "idp": {
              "alert_only": null,
              "enabled": false,
              "idpprofile_id": null,
              "profile": "strict"
            },
            "local_routing": false,
            "name": "051_410-dmb-0-VLAN410",
            "org_id": "9433bc30-0867-4bab-b4af-a26c3c6aa645",
            "path_preference": null,
            "services": [
              "10_X_Y_160-27-TCP_4983"
            ],
            "tenants": [
              "CORE_25.CORE_VLAN410"
            ]
          },
          "sensitive_attributes": [],
          "dependencies": [
            "mist_org.terraform_test"
          ]
        }
      ]
    },
    {
      "mode": "managed",
      "type": "mist_org_servicepolicy",
      "name": "servicepolicy_71",
      "provider": "provider[\"registry.terraform.io/juniper/mist\"]",
      "instances": [
        {
          "schema_version": 0,
          "attributes": {
            "action": "deny",
            "appqoe": null,
            "ewf": null,
            "id": "194abc0d-9ec7-4798-902d-ae13935d6ec2",
            "idp": {
              "alert_only": null,
              "enabled": false,
              "idpprofile_id": null,
              "profile": "strict"
            },
            "local_routing": false,
            "name": "225_papi-block-0-VLAN494",
            "org_id": "9433bc30-0867-4bab-b4af-a26c3c6aa645",
            "path_preference": null,
            "services": [
              "ANY-UDP_8209"
            ],
            "tenants": [
              "IOT_WIRELESS_VLAN494"
            ]
          },
          "sensitive_attributes": [],
          "dependencies": [
            "mist_org.terraform_test"
          ]
        }
      ]
    },
    {
      "mode": "managed",
      "type": "mist_org_servicepolicy",
      "name": "servicepolicy_72",
      "provider": "provider[\"registry.terraform.io/juniper/mist\"]",
      "instances": [
        {
          "schema_version": 0,
          "attributes": {
            "action": "allow",
            "appqoe": null,
            "ewf": null,
            "id": "9a660bac-8544-4dd8-9082-69ccda620d9b",
            "idp": {
              "alert_only": null,
              "enabled": false,
              "idpprofile_id": null,
              "profile": "strict"
            },
            "local_routing": false,
            "name": "052_410-dmb-1-VLAN410",
            "org_id": "9433bc30-0867-4bab-b4af-a26c3c6aa645",
            "path_preference": null,
            "services": [
              "10_X_Y_0-25-ANY"
            ],
            "tenants": [
              "RESTRICTED_VLAN420"
            ]
          },
          "sensitive_attributes": [],
          "dependencies": [
            "mist_org.terraform_test"
          ]
        }
      ]
    },
    {
      "mode": "managed",
      "type": "mist_org_servicepolicy",
      "name": "servicepolicy_73",
      "provider": "provider[\"registry.terraform.io/juniper/mist\"]",
      "instances": [
        {
          "schema_version": 0,
          "attributes": {
            "action": "allow",
            "appqoe": null,
            "ewf": null,
            "id": "5f2a0a42-e620-4747-b150-ebe0d400810f",
            "idp": {
              "alert_only": null,
              "enabled": false,
              "idpprofile_id": null,
              "profile": "strict"
            },
            "local_routing": false,
            "name": "056_410-dmb-5-VLAN410",
            "org_id": "9433bc30-0867-4bab-b4af-a26c3c6aa645",
            "path_preference": null,
            "services": [
              "10_X_Y_160-27-TCP_22700"
            ],
            "tenants": [
              "CORE_VLAN410"
            ]
          },
          "sensitive_attributes": [],
          "dependencies": [
            "mist_org.terraform_test"
          ]
        }
      ]
    },
    {
      "mode": "managed",
      "type": "mist_org_servicepolicy",
      "name": "servicepolicy_74",
      "provider": "provider[\"registry.terraform.io/juniper/mist\"]",
      "instances": [
        {
          "schema_version": 0,
          "attributes": {
            "action": "allow",
            "appqoe": null,
            "ewf": null,
            "id": "c0d5cdeb-d054-49b0-b66b-284dad53b989",
            "idp": {
              "alert_only": null,
              "enabled": false,
              "idpprofile_id": null,
              "profile": "strict"
            },
            "local_routing": false,
            "name": "065_livestore-sec-cam-5-VLAN410",
            "org_id": "9433bc30-0867-4bab-b4af-a26c3c6aa645",
            "path_preference": null,
            "services": [
              "192_168_90_130-UDP_20000"
            ],
            "tenants": [
              "CORE_51.CORE_VLAN410"
            ]
          },
          "sensitive_attributes": [],
          "dependencies": [
            "mist_org.terraform_test"
          ]
        }
      ]
    },
    {
      "mode": "managed",
      "type": "mist_org_servicepolicy",
      "name": "servicepolicy_75",
      "provider": "provider[\"registry.terraform.io/juniper/mist\"]",
      "instances": [
        {
          "schema_version": 0,
          "attributes": {
            "action": "deny",
            "appqoe": null,
            "ewf": null,
            "id": "6679b42f-8b19-45ee-907c-26d897e9411c",
            "idp": {
              "alert_only": null,
              "enabled": false,
              "idpprofile_id": null,
              "profile": "strict"
            },
            "local_routing": false,
            "name": "105_papi-block-1-VLAN451",
            "org_id": "9433bc30-0867-4bab-b4af-a26c3c6aa645",
            "path_preference": null,
            "services": [
              "ANY-UDP_8211"
            ],
            "tenants": [
              "CREW_VLAN451"
            ]
          },
          "sensitive_attributes": [],
          "dependencies": [
            "mist_org.terraform_test"
          ]
        }
      ]
    },
    {
      "mode": "managed",
      "type": "mist_org_servicepolicy",
      "name": "servicepolicy_76",
      "provider": "provider[\"registry.terraform.io/juniper/mist\"]",
      "instances": [
        {
          "schema_version": 0,
          "attributes": {
            "action": "allow",
            "appqoe": null,
            "ewf": null,
            "id": "ac923fe3-c1a2-460c-a343-be24a6225c74",
            "idp": {
              "alert_only": null,
              "enabled": false,
              "idpprofile_id": null,
              "profile": "strict"
            },
            "local_routing": false,
            "name": "053_410-dmb-2-VLAN410",
            "org_id": "9433bc30-0867-4bab-b4af-a26c3c6aa645",
            "path_preference": null,
            "services": [
              "10_X_Y_160-27-TCP_80"
            ],
            "tenants": [
              "CORE_VLAN410"
            ]
          },
          "sensitive_attributes": [],
          "dependencies": [
            "mist_org.terraform_test"
          ]
        }
      ]
    },
    {
      "mode": "managed",
      "type": "mist_org_servicepolicy",
      "name": "servicepolicy_77",
      "provider": "provider[\"registry.terraform.io/juniper/mist\"]",
      "instances": [
        {
          "schema_version": 0,
          "attributes": {
            "action": "allow",
            "appqoe": null,
            "ewf": null,
            "id": "72268aff-95c5-4974-a463-c85b077c0c97",
            "idp": {
              "alert_only": null,
              "enabled": false,
              "idpprofile_id": null,
              "profile": "strict"
            },
            "local_routing": false,
            "name": "229_494-control-3-VLAN494",
            "org_id": "9433bc30-0867-4bab-b4af-a26c3c6aa645",
            "path_preference": null,
            "services": [
              "ICMP_ANY"
            ],
            "tenants": [
              "IOT_WIRELESS_VLAN494"
            ]
          },
          "sensitive_attributes": [],
          "dependencies": [
            "mist_org.terraform_test"
          ]
        }
      ]
    },
    {
      "mode": "managed",
      "type": "mist_org_servicepolicy",
      "name": "servicepolicy_78",
      "provider": "provider[\"registry.terraform.io/juniper/mist\"]",
      "instances": [
        {
          "schema_version": 0,
          "attributes": {
            "action": "allow",
            "appqoe": null,
            "ewf": null,
            "id": "21e68cb4-d867-4ab7-a7ae-6652b56edd89",
            "idp": {
              "alert_only": null,
              "enabled": false,
              "idpprofile_id": null,
              "profile": "strict"
            },
            "local_routing": false,
            "name": "054_410-dmb-3-VLAN410",
            "org_id": "9433bc30-0867-4bab-b4af-a26c3c6aa645",
            "path_preference": null,
            "services": [
              "10_X_Y_160-27-TCP_22500"
            ],
            "tenants": [
              "CORE_VLAN410"
            ]
          },
          "sensitive_attributes": [],
          "dependencies": [
            "mist_org.terraform_test"
          ]
        }
      ]
    },
    {
      "mode": "managed",
      "type": "mist_org_servicepolicy",
      "name": "servicepolicy_79",
      "provider": "provider[\"registry.terraform.io/juniper/mist\"]",
      "instances": [
        {
          "schema_version": 0,
          "attributes": {
            "action": "allow",
            "appqoe": null,
            "ewf": null,
            "id": "f3121e48-dcba-4043-843f-51c9d98204fc",
            "idp": {
              "alert_only": null,
              "enabled": false,
              "idpprofile_id": null,
              "profile": "strict"
            },
            "local_routing": false,
            "name": "109a_control-limited-4-VLAN451",
            "org_id": "9433bc30-0867-4bab-b4af-a26c3c6aa645",
            "path_preference": null,
            "services": [
              "10_X_Y_62-UDP_123"
            ],
            "tenants": [
              "CREW_VLAN451"
            ]
          },
          "sensitive_attributes": [],
          "dependencies": [
            "mist_org.terraform_test"
          ]
        }
      ]
    },
    {
      "mode": "managed",
      "type": "mist_org_servicepolicy",
      "name": "servicepolicy_8",
      "provider": "provider[\"registry.terraform.io/juniper/mist\"]",
      "instances": [
        {
          "schema_version": 0,
          "attributes": {
            "action": "allow",
            "appqoe": null,
            "ewf": null,
            "id": "76bf41fa-8d2e-4732-91d4-f6f562f5b0e6",
            "idp": {
              "alert_only": null,
              "enabled": false,
              "idpprofile_id": null,
              "profile": "strict"
            },
            "local_routing": false,
            "name": "023_410-492-bi-com-4-VLAN410",
            "org_id": "9433bc30-0867-4bab-b4af-a26c3c6aa645",
            "path_preference": null,
            "services": [
              "192_168_92_50-ICMP"
            ],
            "tenants": [
              "CORE_51.CORE_VLAN410"
            ]
          },
          "sensitive_attributes": [],
          "dependencies": [
            "mist_org.terraform_test"
          ]
        }
      ]
    },
    {
      "mode": "managed",
      "type": "mist_org_servicepolicy",
      "name": "servicepolicy_80",
      "provider": "provider[\"registry.terraform.io/juniper/mist\"]",
      "instances": [
        {
          "schema_version": 0,
          "attributes": {
            "action": "allow",
            "appqoe": null,
            "ewf": null,
            "id": "bf0228c8-2cde-427f-8748-c017c918c33c",
            "idp": {
              "alert_only": null,
              "enabled": false,
              "idpprofile_id": null,
              "profile": "strict"
            },
            "local_routing": false,
            "name": "057_410-dmb-6-VLAN410",
            "org_id": "9433bc30-0867-4bab-b4af-a26c3c6aa645",
            "path_preference": null,
            "services": [
              "10_X_Y_160-27-TCP_3333"
            ],
            "tenants": [
              "CORE_VLAN410"
            ]
          },
          "sensitive_attributes": [],
          "dependencies": [
            "mist_org.terraform_test"
          ]
        }
      ]
    },
    {
      "mode": "managed",
      "type": "mist_org_servicepolicy",
      "name": "servicepolicy_81",
      "provider": "provider[\"registry.terraform.io/juniper/mist\"]",
      "instances": [
        {
          "schema_version": 0,
          "attributes": {
            "action": "allow",
            "appqoe": null,
            "ewf": null,
            "id": "50ad9d8f-f17f-4ac6-b1f6-2549b298833f",
            "idp": {
              "alert_only": null,
              "enabled": false,
              "idpprofile_id": null,
              "profile": "strict"
            },
            "local_routing": false,
            "name": "231_494-control-5-VLAN494",
            "org_id": "9433bc30-0867-4bab-b4af-a26c3c6aa645",
            "path_preference": null,
            "services": [
              "10_X_Y_51-UDP_123"
            ],
            "tenants": [
              "IOT_WIRELESS_VLAN494"
            ]
          },
          "sensitive_attributes": [],
          "dependencies": [
            "mist_org.terraform_test"
          ]
        }
      ]
    },
    {
      "mode": "managed",
      "type": "mist_org_servicepolicy",
      "name": "servicepolicy_82",
      "provider": "provider[\"registry.terraform.io/juniper/mist\"]",
      "instances": [
        {
          "schema_version": 0,
          "attributes": {
            "action": "allow",
            "appqoe": null,
            "ewf": null,
            "id": "78fb62b3-d9c7-491a-bb55-931d2894c512",
            "idp": {
              "alert_only": null,
              "enabled": false,
              "idpprofile_id": null,
              "profile": "strict"
            },
            "local_routing": false,
            "name": "058_410-dmb-7-VLAN410",
            "org_id": "9433bc30-0867-4bab-b4af-a26c3c6aa645",
            "path_preference": null,
            "services": [
              "10_X_Y_160-27-TCP_3333"
            ],
            "tenants": [
              "CORE_VLAN410"
            ]
          },
          "sensitive_attributes": [],
          "dependencies": [
            "mist_org.terraform_test"
          ]
        }
      ]
    },
    {
      "mode": "managed",
      "type": "mist_org_servicepolicy",
      "name": "servicepolicy_83",
      "provider": "provider[\"registry.terraform.io/juniper/mist\"]",
      "instances": [
        {
          "schema_version": 0,
          "attributes": {
            "action": "allow",
            "appqoe": null,
            "ewf": null,
            "id": "27ccc96e-1ee1-49e1-b19c-45a0e91313de",
            "idp": {
              "alert_only": null,
              "enabled": false,
              "idpprofile_id": null,
              "profile": "strict"
            },
            "local_routing": false,
            "name": "232a_494-control-6-VLAN494",
            "org_id": "9433bc30-0867-4bab-b4af-a26c3c6aa645",
            "path_preference": null,
            "services": [
              "10_X_Y_62-UDP_123"
            ],
            "tenants": [
              "IOT_WIRELESS_VLAN494"
            ]
          },
          "sensitive_attributes": [],
          "dependencies": [
            "mist_org.terraform_test"
          ]
        }
      ]
    },
    {
      "mode": "managed",
      "type": "mist_org_servicepolicy",
      "name": "servicepolicy_84",
      "provider": "provider[\"registry.terraform.io/juniper/mist\"]",
      "instances": [
        {
          "schema_version": 0,
          "attributes": {
            "action": "allow",
            "appqoe": null,
            "ewf": null,
            "id": "90178ecd-a934-4892-b65b-1c5b4ba26d74",
            "idp": {
              "alert_only": null,
              "enabled": false,
              "idpprofile_id": null,
              "profile": "strict"
            },
            "local_routing": false,
            "name": "059_410-dmb-8-VLAN410",
            "org_id": "9433bc30-0867-4bab-b4af-a26c3c6aa645",
            "path_preference": null,
            "services": [
              "10_X_Y_160-27-TCP_8888"
            ],
            "tenants": [
              "CORE_VLAN410"
            ]
          },
          "sensitive_attributes": [],
          "dependencies": [
            "mist_org.terraform_test"
          ]
        }
      ]
    },
    {
      "mode": "managed",
      "type": "mist_org_servicepolicy",
      "name": "servicepolicy_85",
      "provider": "provider[\"registry.terraform.io/juniper/mist\"]",
      "instances": [
        {
          "schema_version": 0,
          "attributes": {
            "action": "allow",
            "appqoe": null,
            "ewf": null,
            "id": "1a0a4688-fb0e-4da2-807a-ed0bc0d82d48",
            "idp": {
              "alert_only": null,
              "enabled": false,
              "idpprofile_id": null,
              "profile": "strict"
            },
            "local_routing": false,
            "name": "153_livestore-sec-cam-2-VLAN490",
            "org_id": "9433bc30-0867-4bab-b4af-a26c3c6aa645",
            "path_preference": null,
            "services": [
              "192_168_90_130-TCP_2000"
            ],
            "tenants": [
              "CORE_51.CORE_VLAN410"
            ]
          },
          "sensitive_attributes": [],
          "dependencies": [
            "mist_org.terraform_test"
          ]
        }
      ]
    },
    {
      "mode": "managed",
      "type": "mist_org_servicepolicy",
      "name": "servicepolicy_86",
      "provider": "provider[\"registry.terraform.io/juniper/mist\"]",
      "instances": [
        {
          "schema_version": 0,
          "attributes": {
            "action": "allow",
            "appqoe": null,
            "ewf": null,
            "id": "c7108788-0290-47ae-a234-47916bfe2772",
            "idp": {
              "alert_only": null,
              "enabled": false,
              "idpprofile_id": null,
              "profile": "strict"
            },
            "local_routing": false,
            "name": "158_int-src-nat-pri4-0-VLAN490",
            "org_id": "9433bc30-0867-4bab-b4af-a26c3c6aa645",
            "path_preference": null,
            "services": [
              "any"
            ],
            "tenants": [
              "UNTRUSTED_VLAN490"
            ]
          },
          "sensitive_attributes": [],
          "dependencies": [
            "mist_org.terraform_test"
          ]
        }
      ]
    },
    {
      "mode": "managed",
      "type": "mist_org_servicepolicy",
      "name": "servicepolicy_87",
      "provider": "provider[\"registry.terraform.io/juniper/mist\"]",
      "instances": [
        {
          "schema_version": 0,
          "attributes": {
            "action": "allow",
            "appqoe": null,
            "ewf": null,
            "id": "7d5dd4b7-bf51-408b-a8e5-0b27e7c28c25",
            "idp": {
              "alert_only": null,
              "enabled": false,
              "idpprofile_id": null,
              "profile": "strict"
            },
            "local_routing": false,
            "name": "232b_494-control-6-VLAN494",
            "org_id": "9433bc30-0867-4bab-b4af-a26c3c6aa645",
            "path_preference": null,
            "services": [
              "10_X_Y_129-UDP_123"
            ],
            "tenants": [
              "IOT_WIRELESS_VLAN494"
            ]
          },
          "sensitive_attributes": [],
          "dependencies": [
            "mist_org.terraform_test"
          ]
        }
      ]
    },
    {
      "mode": "managed",
      "type": "mist_org_servicepolicy",
      "name": "servicepolicy_88",
      "provider": "provider[\"registry.terraform.io/juniper/mist\"]",
      "instances": [
        {
          "schema_version": 0,
          "attributes": {
            "action": "allow",
            "appqoe": null,
            "ewf": null,
            "id": "449311fc-4a09-458d-8ecb-9fd9114b8ae3",
            "idp": {
              "alert_only": null,
              "enabled": false,
              "idpprofile_id": null,
              "profile": "strict"
            },
            "local_routing": false,
            "name": "060_livestore-sec-cam-0-VLAN410",
            "org_id": "9433bc30-0867-4bab-b4af-a26c3c6aa645",
            "path_preference": null,
            "services": [
              "192_168_90_130-TCP_80"
            ],
            "tenants": [
              "CORE_51.CORE_VLAN410"
            ]
          },
          "sensitive_attributes": [],
          "dependencies": [
            "mist_org.terraform_test"
          ]
        }
      ]
    },
    {
      "mode": "managed",
      "type": "mist_org_servicepolicy",
      "name": "servicepolicy_89",
      "provider": "provider[\"registry.terraform.io/juniper/mist\"]",
      "instances": [
        {
          "schema_version": 0,
          "attributes": {
            "action": "allow",
            "appqoe": null,
            "ewf": null,
            "id": "ea2c70e7-7b76-415a-ba98-a35875f00e18",
            "idp": {
              "alert_only": null,
              "enabled": false,
              "idpprofile_id": null,
              "profile": "strict"
            },
            "local_routing": false,
            "name": "109c_control-limited-4-VLAN451",
            "org_id": "9433bc30-0867-4bab-b4af-a26c3c6aa645",
            "path_preference": null,
            "services": [
              "10_X_Y_161-UDP_123"
            ],
            "tenants": [
              "CREW_VLAN451"
            ]
          },
          "sensitive_attributes": [],
          "dependencies": [
            "mist_org.terraform_test"
          ]
        }
      ]
    },
    {
      "mode": "managed",
      "type": "mist_org_servicepolicy",
      "name": "servicepolicy_9",
      "provider": "provider[\"registry.terraform.io/juniper/mist\"]",
      "instances": [
        {
          "schema_version": 0,
          "attributes": {
            "action": "allow",
            "appqoe": null,
            "ewf": null,
            "id": "8349c7e3-c669-4367-af06-509cde4054e0",
            "idp": {
              "alert_only": null,
              "enabled": false,
              "idpprofile_id": null,
              "profile": "strict"
            },
            "local_routing": false,
            "name": "091_410-cod-8-VLAN430",
            "org_id": "9433bc30-0867-4bab-b4af-a26c3c6aa645",
            "path_preference": null,
            "services": [
              "10_X_Y_171-TCP_225"
            ],
            "tenants": [
              "CORE_12.CORE_VLAN410"
            ]
          },
          "sensitive_attributes": [],
          "dependencies": [
            "mist_org.terraform_test"
          ]
        }
      ]
    },
    {
      "mode": "managed",
      "type": "mist_org_servicepolicy",
      "name": "servicepolicy_90",
      "provider": "provider[\"registry.terraform.io/juniper/mist\"]",
      "instances": [
        {
          "schema_version": 0,
          "attributes": {
            "action": "allow",
            "appqoe": null,
            "ewf": null,
            "id": "8fb71f47-3b84-44d9-bfe3-bef9995f9ca1",
            "idp": {
              "alert_only": null,
              "enabled": false,
              "idpprofile_id": null,
              "profile": "strict"
            },
            "local_routing": false,
            "name": "061_livestore-sec-cam-1-VLAN410",
            "org_id": "9433bc30-0867-4bab-b4af-a26c3c6aa645",
            "path_preference": null,
            "services": [
              "192_168_90_130-TCP_443"
            ],
            "tenants": [
              "CORE_51.CORE_VLAN410"
            ]
          },
          "sensitive_attributes": [],
          "dependencies": [
            "mist_org.terraform_test"
          ]
        }
      ]
    },
    {
      "mode": "managed",
      "type": "mist_org_servicepolicy",
      "name": "servicepolicy_91",
      "provider": "provider[\"registry.terraform.io/juniper/mist\"]",
      "instances": [
        {
          "schema_version": 0,
          "attributes": {
            "action": "allow",
            "appqoe": null,
            "ewf": null,
            "id": "8012be4b-12e8-4645-89f5-a963ef8b4c67",
            "idp": {
              "alert_only": null,
              "enabled": false,
              "idpprofile_id": null,
              "profile": "strict"
            },
            "local_routing": false,
            "name": "109e_control-limited-4-VLAN451",
            "org_id": "9433bc30-0867-4bab-b4af-a26c3c6aa645",
            "path_preference": null,
            "services": [
              "192_168_91_1-UDP_123"
            ],
            "tenants": [
              "CREW_VLAN451"
            ]
          },
          "sensitive_attributes": [],
          "dependencies": [
            "mist_org.terraform_test"
          ]
        }
      ]
    },
    {
      "mode": "managed",
      "type": "mist_org_servicepolicy",
      "name": "servicepolicy_92",
      "provider": "provider[\"registry.terraform.io/juniper/mist\"]",
      "instances": [
        {
          "schema_version": 0,
          "attributes": {
            "action": "allow",
            "appqoe": null,
            "ewf": null,
            "id": "68f46887-0cbf-497f-b658-4fa4b489a5c4",
            "idp": {
              "alert_only": null,
              "enabled": false,
              "idpprofile_id": null,
              "profile": "strict"
            },
            "local_routing": false,
            "name": "062_livestore-sec-cam-2-VLAN410",
            "org_id": "9433bc30-0867-4bab-b4af-a26c3c6aa645",
            "path_preference": null,
            "services": [
              "192_168_90_130-TCP_2000"
            ],
            "tenants": [
              "CORE_51.CORE_VLAN410"
            ]
          },
          "sensitive_attributes": [],
          "dependencies": [
            "mist_org.terraform_test"
          ]
        }
      ]
    },
    {
      "mode": "managed",
      "type": "mist_org_servicepolicy",
      "name": "servicepolicy_93",
      "provider": "provider[\"registry.terraform.io/juniper/mist\"]",
      "instances": [
        {
          "schema_version": 0,
          "attributes": {
            "action": "allow",
            "appqoe": null,
            "ewf": null,
            "id": "fb478a2c-adf8-4d16-b3d2-5b4268da4263",
            "idp": {
              "alert_only": null,
              "enabled": false,
              "idpprofile_id": null,
              "profile": "strict"
            },
            "local_routing": false,
            "name": "109f_control-limited-4-VLAN451",
            "org_id": "9433bc30-0867-4bab-b4af-a26c3c6aa645",
            "path_preference": null,
            "services": [
              "192_168_92_1-UDP_123"
            ],
            "tenants": [
              "CREW_VLAN451"
            ]
          },
          "sensitive_attributes": [],
          "dependencies": [
            "mist_org.terraform_test"
          ]
        }
      ]
    },
    {
      "mode": "managed",
      "type": "mist_org_servicepolicy",
      "name": "servicepolicy_94",
      "provider": "provider[\"registry.terraform.io/juniper/mist\"]",
      "instances": [
        {
          "schema_version": 0,
          "attributes": {
            "action": "allow",
            "appqoe": null,
            "ewf": null,
            "id": "3f78b759-0bb6-4cdb-b1a2-a39beed09b22",
            "idp": {
              "alert_only": null,
              "enabled": false,
              "idpprofile_id": null,
              "profile": "strict"
            },
            "local_routing": false,
            "name": "027_410-492-bi-com-8-VLAN410",
            "org_id": "9433bc30-0867-4bab-b4af-a26c3c6aa645",
            "path_preference": null,
            "services": [
              "10_X_Y_0-25-TCP_22501"
            ],
            "tenants": [
              "Gr_IoT_WIRED.IOT_WIRED_VLAN492"
            ]
          },
          "sensitive_attributes": [],
          "dependencies": [
            "mist_org.terraform_test"
          ]
        }
      ]
    },
    {
      "mode": "managed",
      "type": "mist_org_servicepolicy",
      "name": "servicepolicy_95",
      "provider": "provider[\"registry.terraform.io/juniper/mist\"]",
      "instances": [
        {
          "schema_version": 0,
          "attributes": {
            "action": "allow",
            "appqoe": null,
            "ewf": null,
            "id": "ed5de3b1-e787-4827-8644-36fd97f682a5",
            "idp": {
              "alert_only": null,
              "enabled": false,
              "idpprofile_id": null,
              "profile": "strict"
            },
            "local_routing": false,
            "name": "109g_control-limited-4-VLAN451",
            "org_id": "9433bc30-0867-4bab-b4af-a26c3c6aa645",
            "path_preference": null,
            "services": [
              "192_168_94_1-UDP_123"
            ],
            "tenants": [
              "CREW_VLAN451"
            ]
          },
          "sensitive_attributes": [],
          "dependencies": [
            "mist_org.terraform_test"
          ]
        }
      ]
    },
    {
      "mode": "managed",
      "type": "mist_org_servicepolicy",
      "name": "servicepolicy_96",
      "provider": "provider[\"registry.terraform.io/juniper/mist\"]",
      "instances": [
        {
          "schema_version": 0,
          "attributes": {
            "action": "allow",
            "appqoe": null,
            "ewf": null,
            "id": "0eaab798-0e0e-4024-b8ca-a5521a41621a",
            "idp": {
              "alert_only": null,
              "enabled": false,
              "idpprofile_id": null,
              "profile": "strict"
            },
            "local_routing": false,
            "name": "154_livestore-sec-cam-3-VLAN490",
            "org_id": "9433bc30-0867-4bab-b4af-a26c3c6aa645",
            "path_preference": null,
            "services": [
              "192_168_90_130-TCP_2002"
            ],
            "tenants": [
              "CORE_51.CORE_VLAN410"
            ]
          },
          "sensitive_attributes": [],
          "dependencies": [
            "mist_org.terraform_test"
          ]
        }
      ]
    },
    {
      "mode": "managed",
      "type": "mist_org_servicepolicy",
      "name": "servicepolicy_97",
      "provider": "provider[\"registry.terraform.io/juniper/mist\"]",
      "instances": [
        {
          "schema_version": 0,
          "attributes": {
            "action": "allow",
            "appqoe": null,
            "ewf": null,
            "id": "069014fc-5456-431e-8119-737c8ddd9aba",
            "idp": {
              "alert_only": null,
              "enabled": false,
              "idpprofile_id": null,
              "profile": "strict"
            },
            "local_routing": false,
            "name": "232h_494-control-6-VLAN494",
            "org_id": "9433bc30-0867-4bab-b4af-a26c3c6aa645",
            "path_preference": null,
            "services": [
              "192_168_92_1-UDP_123"
            ],
            "tenants": [
              "IOT_WIRELESS_VLAN494"
            ]
          },
          "sensitive_attributes": [],
          "dependencies": [
            "mist_org.terraform_test"
          ]
        }
      ]
    },
    {
      "mode": "managed",
      "type": "mist_org_servicepolicy",
      "name": "servicepolicy_98",
      "provider": "provider[\"registry.terraform.io/juniper/mist\"]",
      "instances": [
        {
          "schema_version": 0,
          "attributes": {
            "action": "allow",
            "appqoe": null,
            "ewf": null,
            "id": "025f963e-7b55-4cda-95cf-777859f90bbd",
            "idp": {
              "alert_only": null,
              "enabled": false,
              "idpprofile_id": null,
              "profile": "strict"
            },
            "local_routing": false,
            "name": "155_livestore-sec-cam-4-VLAN490",
            "org_id": "9433bc30-0867-4bab-b4af-a26c3c6aa645",
            "path_preference": null,
            "services": [
              "192_168_90_130-TCP_20000"
            ],
            "tenants": [
              "CORE_51.CORE_VLAN410"
            ]
          },
          "sensitive_attributes": [],
          "dependencies": [
            "mist_org.terraform_test"
          ]
        }
      ]
    },
    {
      "mode": "managed",
      "type": "mist_org_servicepolicy",
      "name": "servicepolicy_99",
      "provider": "provider[\"registry.terraform.io/juniper/mist\"]",
      "instances": [
        {
          "schema_version": 0,
          "attributes": {
            "action": "allow",
            "appqoe": null,
            "ewf": null,
            "id": "f8031111-b7b5-4b00-84ca-8e1358a041f9",
            "idp": {
              "alert_only": null,
              "enabled": false,
              "idpprofile_id": null,
              "profile": "strict"
            },
            "local_routing": false,
            "name": "233a_494-control-7-VLAN494",
            "org_id": "9433bc30-0867-4bab-b4af-a26c3c6aa645",
            "path_preference": null,
            "services": [
              "10_X_Y_62-UDP_53"
            ],
            "tenants": [
              "IOT_WIRELESS_VLAN494"
            ]
          },
          "sensitive_attributes": [],
          "dependencies": [
            "mist_org.terraform_test"
          ]
        }
      ]
    },
    {
      "mode": "managed",
      "type": "mist_org_setting",
      "name": "terraform_test",
      "provider": "provider[\"registry.terraform.io/juniper/mist\"]",
      "instances": [
        {
          "schema_version": 0,
          "attributes": {
            "ap_updown_threshold": 10,
            "api_policy": null,
            "cacerts": null,
            "celona": null,
            "cloudshark": null,
            "cradlepoint": null,
            "device_cert": null,
            "device_updown_threshold": 10,
            "disable_pcap": false,
            "disable_remote_shell": true,
            "gateway_updown_threshold": 10,
            "installer": null,
            "jcloud": null,
            "jcloud_ra": null,
            "juniper": null,
            "mgmt": null,
            "mist_nac": null,
            "mxedge_fips_enabled": false,
            "mxedge_mgmt": {
              "fips_enabled": false,
              "mist_password": "mist_secret_passowrd",
              "oob_ip_type": "dhcp",
              "oob_ip_type6": "disabled",
              "root_password": "root_secret_password"
            },
            "optic_port_config": null,
            "org_id": "9433bc30-0867-4bab-b4af-a26c3c6aa645",
            "password_policy": {
              "enabled": false,
              "expiry_in_days": null,
              "min_length": 12,
              "requires_special_char": true,
              "requires_two_factor_auth": false
            },
            "pcap": null,
            "security": {
              "disable_local_ssh": false,
              "fips_zeroize_password": null,
              "limit_ssh_access": false
            },
            "switch_mgmt": null,
            "switch_updown_threshold": 10,
            "synthetic_test": {
              "disabled": false,
              "vlans": [
                {
                  "custom_test_urls": [
                    "http://www.abc.com/",
                    "https://10.3.5.1:8080/about"
                  ],
                  "disabled": false,
                  "vlan_ids": [
                    "10",
                    "30"
                  ]
                },
                {
                  "custom_test_urls": [],
                  "disabled": true,
                  "vlan_ids": [
                    "20"
                  ]
                }
              ],
              "wan_speedtest": null
            },
            "ui_idle_timeout": 0,
            "vpn_options": null,
            "wan_pma": null,
            "wired_pma": null,
            "wireless_pma": null
          },
          "sensitive_attributes": [
            [
              {
                "type": "get_attr",
                "value": "mxedge_mgmt"
              },
              {
                "type": "get_attr",
                "value": "mist_password"
              }
            ],
            [
              {
                "type": "get_attr",
                "value": "mxedge_mgmt"
              },
              {
                "type": "get_attr",
                "value": "root_password"
              }
            ],
            [
              {
                "type": "get_attr",
                "value": "security"
              },
              {
                "type": "get_attr",
                "value": "fips_zeroize_password"
              }
            ]
          ],
          "dependencies": [
            "mist_org.terraform_test"
          ]
        }
      ]
    },
    {
      "mode": "managed",
      "type": "mist_site",
      "name": "terraform_site",
      "provider": "provider[\"registry.terraform.io/juniper/mist\"]",
      "instances": [
        {
          "schema_version": 0,
          "attributes": {
            "address": "41 rue de villiers, 92100 Neuilly sur seine, France",
            "alarmtemplate_id": null,
            "aptemplate_id": null,
            "country_code": null,
            "gatewaytemplate_id": null,
            "id": "ff22d086-3719-486f-9449-949f1b62ee4c",
            "latlng": null,
            "name": "terraform - md",
            "networktemplate_id": null,
            "notes": null,
            "org_id": "9433bc30-0867-4bab-b4af-a26c3c6aa645",
            "rftemplate_id": null,
            "secpolicy_id": null,
            "sitegroup_ids": null,
            "sitetemplate_id": null,
            "timezone": "UTC"
          },
          "sensitive_attributes": [],
          "dependencies": [
            "mist_org.terraform_test"
          ]
        }
      ]
    },
    {
      "mode": "managed",
      "type": "mist_site_networktemplate",
      "name": "terraform_site",
      "provider": "provider[\"registry.terraform.io/juniper/mist\"]",
      "instances": [
        {
          "schema_version": 0,
          "attributes": {
            "acl_policies": null,
            "acl_tags": null,
            "additional_config_cmds": [
              "set chassis alarm management-ethernet link-down ignore",
              "#Decouple ARP table and Authentication sessions",
              "set protocols dot1x authenticator no-mac-table-binding",
              "set protocols dot1x authenticator interface dot1x-mab_only reauthentication 43200"
            ],
            "dhcp_snooping": {
              "all_networks": false,
              "enable_arp_spoof_check": false,
              "enable_ip_source_guard": false,
              "enabled": true,
              "networks": [
                "PUBLIC"
              ]
            },
            "disabled_system_defined_port_usages": null,
            "dns_servers": [
              "{{public_dns1}}",
              "{{public_dns2}}"
            ],
            "dns_suffix": null,
            "extra_routes": null,
            "extra_routes6": null,
            "mist_nac": {
              "enabled": true,
              "network": null
            },
            "networks": {
              "AUTOMATION": {
                "gateway": null,
                "gateway6": null,
                "isolation": false,
                "isolation_vlan_id": null,
                "subnet": null,
                "subnet6": null,
                "vlan_id": "460"
              },
              "CORE": {
                "gateway": null,
                "gateway6": null,
                "isolation": false,
                "isolation_vlan_id": null,
                "subnet": null,
                "subnet6": null,
                "vlan_id": "410"
              },
              "CREW": {
                "gateway": null,
                "gateway6": null,
                "isolation": false,
                "isolation_vlan_id": null,
                "subnet": null,
                "subnet6": null,
                "vlan_id": "451"
              },
              "Cradlepoint": {
                "gateway": null,
                "gateway6": null,
                "isolation": false,
                "isolation_vlan_id": null,
                "subnet": null,
                "subnet6": null,
                "vlan_id": "4000"
              },
              "DESSERT_CART": {
                "gateway": null,
                "gateway6": null,
                "isolation": false,
                "isolation_vlan_id": null,
                "subnet": null,
                "subnet6": null,
                "vlan_id": "900"
              },
              "HA": {
                "gateway": null,
                "gateway6": null,
                "isolation": false,
                "isolation_vlan_id": null,
                "subnet": null,
                "subnet6": null,
                "vlan_id": "10"
              },
              "IOT_WIRED": {
                "gateway": null,
                "gateway6": null,
                "isolation": false,
                "isolation_vlan_id": null,
                "subnet": null,
                "subnet6": null,
                "vlan_id": "492"
              },
              "IOT_WIRELESS": {
                "gateway": null,
                "gateway6": null,
                "isolation": false,
                "isolation_vlan_id": null,
                "subnet": null,
                "subnet6": null,
                "vlan_id": "494"
              },
              "MANAGEMENT": {
                "gateway": null,
                "gateway6": null,
                "isolation": false,
                "isolation_vlan_id": null,
                "subnet": null,
                "subnet6": null,
                "vlan_id": "430"
              },
              "PCI": {
                "gateway": null,
                "gateway6": null,
                "isolation": false,
                "isolation_vlan_id": null,
                "subnet": null,
                "subnet6": null,
                "vlan_id": "440"
              },
              "PRIVATE": {
                "gateway": null,
                "gateway6": null,
                "isolation": false,
                "isolation_vlan_id": null,
                "subnet": null,
                "subnet6": null,
                "vlan_id": "491"
              },
              "PUBLIC": {
                "gateway": null,
                "gateway6": null,
                "isolation": false,
                "isolation_vlan_id": null,
                "subnet": null,
                "subnet6": null,
                "vlan_id": "450"
              },
              "QUARANTINE": {
                "gateway": null,
                "gateway6": null,
                "isolation": false,
                "isolation_vlan_id": null,
                "subnet": null,
                "subnet6": null,
                "vlan_id": "495"
              },
              "RESTRICTED": {
                "gateway": null,
                "gateway6": null,
                "isolation": false,
                "isolation_vlan_id": null,
                "subnet": null,
                "subnet6": null,
                "vlan_id": "420"
              },
              "UNTRUSTED": {
                "gateway": null,
                "gateway6": null,
                "isolation": false,
                "isolation_vlan_id": null,
                "subnet": null,
                "subnet6": null,
                "vlan_id": "490"
              }
            },
            "ntp_servers": [
              "129.6.15.28",
              "129.6.15.29",
              "129.6.15.30"
            ],
            "ospf_areas": null,
            "port_mirroring": null,
            "port_usages": {
              "automation": {
                "all_networks": false,
                "allow_dhcpd": null,
                "allow_multiple_supplicants": false,
                "bypass_auth_when_server_down": false,
                "bypass_auth_when_server_down_for_unkonwn_client": false,
                "description": null,
                "disable_autoneg": false,
                "disabled": false,
                "duplex": "auto",
                "dynamic_vlan_networks": [],
                "enable_mac_auth": false,
                "enable_qos": false,
                "guest_network": null,
                "inter_switch_link": false,
                "mac_auth_only": null,
                "mac_auth_preferred": null,
                "mac_auth_protocol": "eap-md5",
                "mac_limit": 0,
                "mode": "access",
                "mtu": null,
                "networks": [],
                "persist_mac": false,
                "poe_disabled": false,
                "port_auth": null,
                "port_network": "AUTOMATION",
                "reauth_interval": 3600,
                "reset_default_when": "link_down",
                "rules": null,
                "server_fail_network": null,
                "server_reject_network": null,
                "speed": "auto",
                "storm_control": {
                  "no_broadcast": false,
                  "no_multicast": false,
                  "no_registered_multicast": false,
                  "no_unknown_unicast": false,
                  "percentage": 5
                },
                "stp_edge": true,
                "stp_no_root_port": false,
                "stp_p2p": false,
                "ui_evpntopo_id": null,
                "use_vstp": false,
                "voip_network": null
              },
              "blackhole": {
                "all_networks": false,
                "allow_dhcpd": null,
                "allow_multiple_supplicants": false,
                "bypass_auth_when_server_down": false,
                "bypass_auth_when_server_down_for_unkonwn_client": false,
                "description": null,
                "disable_autoneg": false,
                "disabled": false,
                "duplex": "auto",
                "dynamic_vlan_networks": [],
                "enable_mac_auth": false,
                "enable_qos": false,
                "guest_network": null,
                "inter_switch_link": false,
                "mac_auth_only": null,
                "mac_auth_preferred": null,
                "mac_auth_protocol": "eap-md5",
                "mac_limit": 0,
                "mode": "access",
                "mtu": null,
                "networks": [],
                "persist_mac": false,
                "poe_disabled": false,
                "port_auth": null,
                "port_network": "QUARANTINE",
                "reauth_interval": 3600,
                "reset_default_when": "link_down",
                "rules": null,
                "server_fail_network": null,
                "server_reject_network": null,
                "speed": "auto",
                "storm_control": {
                  "no_broadcast": false,
                  "no_multicast": false,
                  "no_registered_multicast": false,
                  "no_unknown_unicast": false,
                  "percentage": 5
                },
                "stp_edge": true,
                "stp_no_root_port": false,
                "stp_p2p": false,
                "ui_evpntopo_id": null,
                "use_vstp": false,
                "voip_network": null
              },
              "core": {
                "all_networks": false,
                "allow_dhcpd": null,
                "allow_multiple_supplicants": false,
                "bypass_auth_when_server_down": false,
                "bypass_auth_when_server_down_for_unkonwn_client": false,
                "description": null,
                "disable_autoneg": false,
                "disabled": false,
                "duplex": "auto",
                "dynamic_vlan_networks": [],
                "enable_mac_auth": false,
                "enable_qos": false,
                "guest_network": null,
                "inter_switch_link": false,
                "mac_auth_only": null,
                "mac_auth_preferred": null,
                "mac_auth_protocol": "eap-md5",
                "mac_limit": 0,
                "mode": "access",
                "mtu": null,
                "networks": [],
                "persist_mac": false,
                "poe_disabled": false,
                "port_auth": null,
                "port_network": "CORE",
                "reauth_interval": 3600,
                "reset_default_when": "link_down",
                "rules": null,
                "server_fail_network": null,
                "server_reject_network": null,
                "speed": "auto",
                "storm_control": {
                  "no_broadcast": false,
                  "no_multicast": false,
                  "no_registered_multicast": false,
                  "no_unknown_unicast": false,
                  "percentage": 5
                },
                "stp_edge": true,
                "stp_no_root_port": false,
                "stp_p2p": false,
                "ui_evpntopo_id": null,
                "use_vstp": false,
                "voip_network": null
              },
              "corporate": {
                "all_networks": false,
                "allow_dhcpd": null,
                "allow_multiple_supplicants": false,
                "bypass_auth_when_server_down": false,
                "bypass_auth_when_server_down_for_unkonwn_client": false,
                "description": null,
                "disable_autoneg": false,
                "disabled": false,
                "duplex": "auto",
                "dynamic_vlan_networks": [],
                "enable_mac_auth": false,
                "enable_qos": false,
                "guest_network": null,
                "inter_switch_link": false,
                "mac_auth_only": null,
                "mac_auth_preferred": null,
                "mac_auth_protocol": "eap-md5",
                "mac_limit": 0,
                "mode": "access",
                "mtu": null,
                "networks": [],
                "persist_mac": false,
                "poe_disabled": false,
                "port_auth": null,
                "port_network": "RESTRICTED",
                "reauth_interval": 3600,
                "reset_default_when": "link_down",
                "rules": null,
                "server_fail_network": null,
                "server_reject_network": null,
                "speed": "auto",
                "storm_control": {
                  "no_broadcast": false,
                  "no_multicast": false,
                  "no_registered_multicast": false,
                  "no_unknown_unicast": false,
                  "percentage": 5
                },
                "stp_edge": true,
                "stp_no_root_port": false,
                "stp_p2p": false,
                "ui_evpntopo_id": null,
                "use_vstp": false,
                "voip_network": null
              },
              "crew": {
                "all_networks": false,
                "allow_dhcpd": null,
                "allow_multiple_supplicants": false,
                "bypass_auth_when_server_down": false,
                "bypass_auth_when_server_down_for_unkonwn_client": false,
                "description": null,
                "disable_autoneg": false,
                "disabled": false,
                "duplex": "auto",
                "dynamic_vlan_networks": [],
                "enable_mac_auth": false,
                "enable_qos": false,
                "guest_network": null,
                "inter_switch_link": false,
                "mac_auth_only": null,
                "mac_auth_preferred": null,
                "mac_auth_protocol": "eap-md5",
                "mac_limit": 0,
                "mode": "access",
                "mtu": null,
                "networks": [],
                "persist_mac": false,
                "poe_disabled": false,
                "port_auth": null,
                "port_network": "CREW",
                "reauth_interval": 3600,
                "reset_default_when": "link_down",
                "rules": null,
                "server_fail_network": null,
                "server_reject_network": null,
                "speed": "auto",
                "storm_control": {
                  "no_broadcast": false,
                  "no_multicast": false,
                  "no_registered_multicast": false,
                  "no_unknown_unicast": false,
                  "percentage": 5
                },
                "stp_edge": true,
                "stp_no_root_port": false,
                "stp_p2p": false,
                "ui_evpntopo_id": null,
                "use_vstp": false,
                "voip_network": null
              },
              "disabled_port": {
                "all_networks": false,
                "allow_dhcpd": null,
                "allow_multiple_supplicants": false,
                "bypass_auth_when_server_down": false,
                "bypass_auth_when_server_down_for_unkonwn_client": false,
                "description": null,
                "disable_autoneg": false,
                "disabled": true,
                "duplex": "auto",
                "dynamic_vlan_networks": [],
                "enable_mac_auth": false,
                "enable_qos": false,
                "guest_network": null,
                "inter_switch_link": false,
                "mac_auth_only": null,
                "mac_auth_preferred": null,
                "mac_auth_protocol": "eap-md5",
                "mac_limit": 0,
                "mode": "access",
                "mtu": null,
                "networks": [],
                "persist_mac": false,
                "poe_disabled": false,
                "port_auth": null,
                "port_network": "default",
                "reauth_interval": 3600,
                "reset_default_when": "link_down",
                "rules": null,
                "server_fail_network": null,
                "server_reject_network": null,
                "speed": "auto",
                "storm_control": null,
                "stp_edge": false,
                "stp_no_root_port": false,
                "stp_p2p": false,
                "ui_evpntopo_id": null,
                "use_vstp": false,
                "voip_network": null
              },
              "dot1x": {
                "all_networks": false,
                "allow_dhcpd": null,
                "allow_multiple_supplicants": false,
                "bypass_auth_when_server_down": false,
                "bypass_auth_when_server_down_for_unkonwn_client": false,
                "description": null,
                "disable_autoneg": false,
                "disabled": false,
                "duplex": "auto",
                "dynamic_vlan_networks": [],
                "enable_mac_auth": false,
                "enable_qos": false,
                "guest_network": null,
                "inter_switch_link": false,
                "mac_auth_only": null,
                "mac_auth_preferred": null,
                "mac_auth_protocol": "eap-md5",
                "mac_limit": 0,
                "mode": "access",
                "mtu": null,
                "networks": [],
                "persist_mac": false,
                "poe_disabled": false,
                "port_auth": "dot1x",
                "port_network": "QUARANTINE",
                "reauth_interval": 3600,
                "reset_default_when": "link_down",
                "rules": null,
                "server_fail_network": null,
                "server_reject_network": null,
                "speed": "auto",
                "storm_control": {
                  "no_broadcast": false,
                  "no_multicast": false,
                  "no_registered_multicast": false,
                  "no_unknown_unicast": false,
                  "percentage": 5
                },
                "stp_edge": true,
                "stp_no_root_port": false,
                "stp_p2p": false,
                "ui_evpntopo_id": null,
                "use_vstp": false,
                "voip_network": null
              },
              "dot1x-mab_only": {
                "all_networks": false,
                "allow_dhcpd": null,
                "allow_multiple_supplicants": false,
                "bypass_auth_when_server_down": true,
                "bypass_auth_when_server_down_for_unkonwn_client": false,
                "description": null,
                "disable_autoneg": false,
                "disabled": false,
                "duplex": "auto",
                "dynamic_vlan_networks": [],
                "enable_mac_auth": true,
                "enable_qos": false,
                "guest_network": null,
                "inter_switch_link": false,
                "mac_auth_only": true,
                "mac_auth_preferred": null,
                "mac_auth_protocol": "eap-md5",
                "mac_limit": 0,
                "mode": "access",
                "mtu": null,
                "networks": [],
                "persist_mac": false,
                "poe_disabled": false,
                "port_auth": "dot1x",
                "port_network": "QUARANTINE",
                "reauth_interval": 3600,
                "reset_default_when": "link_down",
                "rules": null,
                "server_fail_network": null,
                "server_reject_network": null,
                "speed": "auto",
                "storm_control": {
                  "no_broadcast": false,
                  "no_multicast": false,
                  "no_registered_multicast": false,
                  "no_unknown_unicast": false,
                  "percentage": 5
                },
                "stp_edge": true,
                "stp_no_root_port": false,
                "stp_p2p": false,
                "ui_evpntopo_id": null,
                "use_vstp": false,
                "voip_network": null
              },
              "dynamic": {
                "all_networks": false,
                "allow_dhcpd": null,
                "allow_multiple_supplicants": false,
                "bypass_auth_when_server_down": false,
                "bypass_auth_when_server_down_for_unkonwn_client": false,
                "description": null,
                "disable_autoneg": false,
                "disabled": false,
                "duplex": "auto",
                "dynamic_vlan_networks": [],
                "enable_mac_auth": false,
                "enable_qos": false,
                "guest_network": null,
                "inter_switch_link": false,
                "mac_auth_only": null,
                "mac_auth_preferred": null,
                "mac_auth_protocol": "eap-md5",
                "mac_limit": 0,
                "mode": "dynamic",
                "mtu": null,
                "networks": [],
                "persist_mac": false,
                "poe_disabled": false,
                "port_auth": null,
                "port_network": null,
                "reauth_interval": 3600,
                "reset_default_when": "link_down",
                "rules": null,
                "server_fail_network": null,
                "server_reject_network": null,
                "speed": "auto",
                "storm_control": null,
                "stp_edge": false,
                "stp_no_root_port": false,
                "stp_p2p": false,
                "ui_evpntopo_id": null,
                "use_vstp": false,
                "voip_network": null
              },
              "google_edge": {
                "all_networks": false,
                "allow_dhcpd": true,
                "allow_multiple_supplicants": false,
                "bypass_auth_when_server_down": false,
                "bypass_auth_when_server_down_for_unkonwn_client": false,
                "description": null,
                "disable_autoneg": false,
                "disabled": false,
                "duplex": "auto",
                "dynamic_vlan_networks": [],
                "enable_mac_auth": false,
                "enable_qos": false,
                "guest_network": null,
                "inter_switch_link": false,
                "mac_auth_only": null,
                "mac_auth_preferred": null,
                "mac_auth_protocol": "eap-md5",
                "mac_limit": 0,
                "mode": "trunk",
                "mtu": null,
                "networks": [
                  "CORE"
                ],
                "persist_mac": false,
                "poe_disabled": true,
                "port_auth": null,
                "port_network": "AUTOMATION",
                "reauth_interval": 3600,
                "reset_default_when": "link_down",
                "rules": null,
                "server_fail_network": null,
                "server_reject_network": null,
                "speed": "auto",
                "storm_control": {
                  "no_broadcast": false,
                  "no_multicast": false,
                  "no_registered_multicast": false,
                  "no_unknown_unicast": false,
                  "percentage": 5
                },
                "stp_edge": true,
                "stp_no_root_port": false,
                "stp_p2p": false,
                "ui_evpntopo_id": null,
                "use_vstp": false,
                "voip_network": null
              },
              "iot_wired": {
                "all_networks": false,
                "allow_dhcpd": null,
                "allow_multiple_supplicants": false,
                "bypass_auth_when_server_down": false,
                "bypass_auth_when_server_down_for_unkonwn_client": false,
                "description": null,
                "disable_autoneg": false,
                "disabled": false,
                "duplex": "auto",
                "dynamic_vlan_networks": [],
                "enable_mac_auth": false,
                "enable_qos": false,
                "guest_network": null,
                "inter_switch_link": false,
                "mac_auth_only": null,
                "mac_auth_preferred": null,
                "mac_auth_protocol": "eap-md5",
                "mac_limit": 0,
                "mode": "access",
                "mtu": null,
                "networks": [],
                "persist_mac": false,
                "poe_disabled": false,
                "port_auth": null,
                "port_network": "IOT_WIRED",
                "reauth_interval": 3600,
                "reset_default_when": "link_down",
                "rules": null,
                "server_fail_network": null,
                "server_reject_network": null,
                "speed": "auto",
                "storm_control": {
                  "no_broadcast": false,
                  "no_multicast": false,
                  "no_registered_multicast": false,
                  "no_unknown_unicast": false,
                  "percentage": 5
                },
                "stp_edge": true,
                "stp_no_root_port": false,
                "stp_p2p": false,
                "ui_evpntopo_id": null,
                "use_vstp": false,
                "voip_network": null
              },
              "iot_wireless": {
                "all_networks": false,
                "allow_dhcpd": null,
                "allow_multiple_supplicants": false,
                "bypass_auth_when_server_down": false,
                "bypass_auth_when_server_down_for_unkonwn_client": false,
                "description": null,
                "disable_autoneg": false,
                "disabled": false,
                "duplex": "auto",
                "dynamic_vlan_networks": [],
                "enable_mac_auth": false,
                "enable_qos": false,
                "guest_network": null,
                "inter_switch_link": false,
                "mac_auth_only": null,
                "mac_auth_preferred": null,
                "mac_auth_protocol": "eap-md5",
                "mac_limit": 0,
                "mode": "access",
                "mtu": null,
                "networks": [],
                "persist_mac": false,
                "poe_disabled": false,
                "port_auth": null,
                "port_network": "IOT_WIRELESS",
                "reauth_interval": 3600,
                "reset_default_when": "link_down",
                "rules": null,
                "server_fail_network": null,
                "server_reject_network": null,
                "speed": "auto",
                "storm_control": {
                  "no_broadcast": false,
                  "no_multicast": false,
                  "no_registered_multicast": false,
                  "no_unknown_unicast": false,
                  "percentage": 5
                },
                "stp_edge": true,
                "stp_no_root_port": false,
                "stp_p2p": false,
                "ui_evpntopo_id": null,
                "use_vstp": false,
                "voip_network": null
              },
              "mgmt": {
                "all_networks": false,
                "allow_dhcpd": null,
                "allow_multiple_supplicants": false,
                "bypass_auth_when_server_down": false,
                "bypass_auth_when_server_down_for_unkonwn_client": false,
                "description": null,
                "disable_autoneg": false,
                "disabled": false,
                "duplex": "auto",
                "dynamic_vlan_networks": [],
                "enable_mac_auth": false,
                "enable_qos": false,
                "guest_network": null,
                "inter_switch_link": false,
                "mac_auth_only": null,
                "mac_auth_preferred": null,
                "mac_auth_protocol": "eap-md5",
                "mac_limit": 0,
                "mode": "access",
                "mtu": null,
                "networks": [],
                "persist_mac": false,
                "poe_disabled": false,
                "port_auth": null,
                "port_network": "MANAGEMENT",
                "reauth_interval": 3600,
                "reset_default_when": "link_down",
                "rules": null,
                "server_fail_network": null,
                "server_reject_network": null,
                "speed": "auto",
                "storm_control": {
                  "no_broadcast": false,
                  "no_multicast": false,
                  "no_registered_multicast": false,
                  "no_unknown_unicast": false,
                  "percentage": 5
                },
                "stp_edge": true,
                "stp_no_root_port": false,
                "stp_p2p": false,
                "ui_evpntopo_id": null,
                "use_vstp": false,
                "voip_network": null
              },
              "pci": {
                "all_networks": false,
                "allow_dhcpd": null,
                "allow_multiple_supplicants": false,
                "bypass_auth_when_server_down": false,
                "bypass_auth_when_server_down_for_unkonwn_client": false,
                "description": null,
                "disable_autoneg": false,
                "disabled": false,
                "duplex": "auto",
                "dynamic_vlan_networks": [],
                "enable_mac_auth": false,
                "enable_qos": false,
                "guest_network": null,
                "inter_switch_link": false,
                "mac_auth_only": null,
                "mac_auth_preferred": null,
                "mac_auth_protocol": "eap-md5",
                "mac_limit": 0,
                "mode": "access",
                "mtu": null,
                "networks": [],
                "persist_mac": false,
                "poe_disabled": false,
                "port_auth": null,
                "port_network": "PCI",
                "reauth_interval": 3600,
                "reset_default_when": "link_down",
                "rules": null,
                "server_fail_network": null,
                "server_reject_network": null,
                "speed": "auto",
                "storm_control": {
                  "no_broadcast": false,
                  "no_multicast": false,
                  "no_registered_multicast": false,
                  "no_unknown_unicast": false,
                  "percentage": 5
                },
                "stp_edge": true,
                "stp_no_root_port": false,
                "stp_p2p": false,
                "ui_evpntopo_id": null,
                "use_vstp": false,
                "voip_network": null
              },
              "private": {
                "all_networks": false,
                "allow_dhcpd": null,
                "allow_multiple_supplicants": false,
                "bypass_auth_when_server_down": false,
                "bypass_auth_when_server_down_for_unkonwn_client": false,
                "description": null,
                "disable_autoneg": false,
                "disabled": false,
                "duplex": "auto",
                "dynamic_vlan_networks": [],
                "enable_mac_auth": false,
                "enable_qos": false,
                "guest_network": null,
                "inter_switch_link": false,
                "mac_auth_only": null,
                "mac_auth_preferred": null,
                "mac_auth_protocol": "eap-md5",
                "mac_limit": 0,
                "mode": "access",
                "mtu": null,
                "networks": [],
                "persist_mac": false,
                "poe_disabled": false,
                "port_auth": null,
                "port_network": "PRIVATE",
                "reauth_interval": 3600,
                "reset_default_when": "link_down",
                "rules": null,
                "server_fail_network": null,
                "server_reject_network": null,
                "speed": "auto",
                "storm_control": {
                  "no_broadcast": false,
                  "no_multicast": false,
                  "no_registered_multicast": false,
                  "no_unknown_unicast": false,
                  "percentage": 5
                },
                "stp_edge": true,
                "stp_no_root_port": false,
                "stp_p2p": false,
                "ui_evpntopo_id": null,
                "use_vstp": false,
                "voip_network": null
              },
              "public": {
                "all_networks": false,
                "allow_dhcpd": false,
                "allow_multiple_supplicants": false,
                "bypass_auth_when_server_down": false,
                "bypass_auth_when_server_down_for_unkonwn_client": false,
                "description": null,
                "disable_autoneg": false,
                "disabled": false,
                "duplex": "auto",
                "dynamic_vlan_networks": [],
                "enable_mac_auth": false,
                "enable_qos": false,
                "guest_network": null,
                "inter_switch_link": false,
                "mac_auth_only": null,
                "mac_auth_preferred": null,
                "mac_auth_protocol": "eap-md5",
                "mac_limit": 0,
                "mode": "access",
                "mtu": null,
                "networks": [],
                "persist_mac": false,
                "poe_disabled": false,
                "port_auth": null,
                "port_network": "PUBLIC",
                "reauth_interval": 3600,
                "reset_default_when": "link_down",
                "rules": null,
                "server_fail_network": null,
                "server_reject_network": null,
                "speed": "auto",
                "storm_control": {
                  "no_broadcast": false,
                  "no_multicast": false,
                  "no_registered_multicast": false,
                  "no_unknown_unicast": false,
                  "percentage": 15
                },
                "stp_edge": true,
                "stp_no_root_port": false,
                "stp_p2p": false,
                "ui_evpntopo_id": null,
                "use_vstp": false,
                "voip_network": null
              },
              "restricted": {
                "all_networks": false,
                "allow_dhcpd": null,
                "allow_multiple_supplicants": false,
                "bypass_auth_when_server_down": false,
                "bypass_auth_when_server_down_for_unkonwn_client": false,
                "description": null,
                "disable_autoneg": false,
                "disabled": false,
                "duplex": "auto",
                "dynamic_vlan_networks": [],
                "enable_mac_auth": false,
                "enable_qos": false,
                "guest_network": null,
                "inter_switch_link": false,
                "mac_auth_only": null,
                "mac_auth_preferred": null,
                "mac_auth_protocol": "eap-md5",
                "mac_limit": 0,
                "mode": "access",
                "mtu": null,
                "networks": [],
                "persist_mac": false,
                "poe_disabled": false,
                "port_auth": null,
                "port_network": "RESTRICTED",
                "reauth_interval": 3600,
                "reset_default_when": "link_down",
                "rules": null,
                "server_fail_network": null,
                "server_reject_network": null,
                "speed": "auto",
                "storm_control": {
                  "no_broadcast": false,
                  "no_multicast": false,
                  "no_registered_multicast": false,
                  "no_unknown_unicast": false,
                  "percentage": 15
                },
                "stp_edge": true,
                "stp_no_root_port": false,
                "stp_p2p": false,
                "ui_evpntopo_id": null,
                "use_vstp": false,
                "voip_network": null
              },
              "server-esxi": {
                "all_networks": true,
                "allow_dhcpd": null,
                "allow_multiple_supplicants": false,
                "bypass_auth_when_server_down": false,
                "bypass_auth_when_server_down_for_unkonwn_client": false,
                "description": null,
                "disable_autoneg": false,
                "disabled": false,
                "duplex": "auto",
                "dynamic_vlan_networks": [],
                "enable_mac_auth": false,
                "enable_qos": false,
                "guest_network": null,
                "inter_switch_link": false,
                "mac_auth_only": null,
                "mac_auth_preferred": null,
                "mac_auth_protocol": "eap-md5",
                "mac_limit": 0,
                "mode": "trunk",
                "mtu": null,
                "networks": [],
                "persist_mac": false,
                "poe_disabled": false,
                "port_auth": null,
                "port_network": "default",
                "reauth_interval": 3600,
                "reset_default_when": "link_down",
                "rules": null,
                "server_fail_network": null,
                "server_reject_network": null,
                "speed": "auto",
                "storm_control": {
                  "no_broadcast": false,
                  "no_multicast": false,
                  "no_registered_multicast": false,
                  "no_unknown_unicast": false,
                  "percentage": 10
                },
                "stp_edge": false,
                "stp_no_root_port": false,
                "stp_p2p": false,
                "ui_evpntopo_id": null,
                "use_vstp": false,
                "voip_network": null
              },
              "servers": {
                "all_networks": true,
                "allow_dhcpd": null,
                "allow_multiple_supplicants": false,
                "bypass_auth_when_server_down": false,
                "bypass_auth_when_server_down_for_unkonwn_client": false,
                "description": null,
                "disable_autoneg": false,
                "disabled": false,
                "duplex": "auto",
                "dynamic_vlan_networks": [],
                "enable_mac_auth": false,
                "enable_qos": false,
                "guest_network": null,
                "inter_switch_link": false,
                "mac_auth_only": null,
                "mac_auth_preferred": null,
                "mac_auth_protocol": "eap-md5",
                "mac_limit": 0,
                "mode": "trunk",
                "mtu": null,
                "networks": [],
                "persist_mac": false,
                "poe_disabled": false,
                "port_auth": null,
                "port_network": "default",
                "reauth_interval": 3600,
                "reset_default_when": "link_down",
                "rules": null,
                "server_fail_network": null,
                "server_reject_network": null,
                "speed": "auto",
                "storm_control": null,
                "stp_edge": false,
                "stp_no_root_port": false,
                "stp_p2p": false,
                "ui_evpntopo_id": null,
                "use_vstp": false,
                "voip_network": null
              },
              "store-ap": {
                "all_networks": false,
                "allow_dhcpd": null,
                "allow_multiple_supplicants": false,
                "bypass_auth_when_server_down": false,
                "bypass_auth_when_server_down_for_unkonwn_client": false,
                "description": null,
                "disable_autoneg": false,
                "disabled": false,
                "duplex": "auto",
                "dynamic_vlan_networks": [],
                "enable_mac_auth": false,
                "enable_qos": false,
                "guest_network": null,
                "inter_switch_link": false,
                "mac_auth_only": null,
                "mac_auth_preferred": null,
                "mac_auth_protocol": "eap-md5",
                "mac_limit": 0,
                "mode": "trunk",
                "mtu": null,
                "networks": [
                  "CREW",
                  "IOT_WIRELESS",
                  "PUBLIC",
                  "RESTRICTED",
                  "CORE"
                ],
                "persist_mac": false,
                "poe_disabled": false,
                "port_auth": null,
                "port_network": "default",
                "reauth_interval": 3600,
                "reset_default_when": "link_down",
                "rules": null,
                "server_fail_network": null,
                "server_reject_network": null,
                "speed": "auto",
                "storm_control": {
                  "no_broadcast": false,
                  "no_multicast": false,
                  "no_registered_multicast": false,
                  "no_unknown_unicast": false,
                  "percentage": 5
                },
                "stp_edge": true,
                "stp_no_root_port": false,
                "stp_p2p": false,
                "ui_evpntopo_id": null,
                "use_vstp": false,
                "voip_network": null
              },
              "untrusted": {
                "all_networks": false,
                "allow_dhcpd": null,
                "allow_multiple_supplicants": false,
                "bypass_auth_when_server_down": false,
                "bypass_auth_when_server_down_for_unkonwn_client": false,
                "description": null,
                "disable_autoneg": false,
                "disabled": false,
                "duplex": "auto",
                "dynamic_vlan_networks": [],
                "enable_mac_auth": false,
                "enable_qos": false,
                "guest_network": null,
                "inter_switch_link": false,
                "mac_auth_only": null,
                "mac_auth_preferred": null,
                "mac_auth_protocol": "eap-md5",
                "mac_limit": 0,
                "mode": "access",
                "mtu": null,
                "networks": [],
                "persist_mac": false,
                "poe_disabled": false,
                "port_auth": null,
                "port_network": "UNTRUSTED",
                "reauth_interval": 3600,
                "reset_default_when": "link_down",
                "rules": null,
                "server_fail_network": null,
                "server_reject_network": null,
                "speed": "auto",
                "storm_control": {
                  "no_broadcast": false,
                  "no_multicast": false,
                  "no_registered_multicast": false,
                  "no_unknown_unicast": false,
                  "percentage": 5
                },
                "stp_edge": true,
                "stp_no_root_port": false,
                "stp_p2p": false,
                "ui_evpntopo_id": null,
                "use_vstp": false,
                "voip_network": null
              },
              "uplink-srx-wan": {
                "all_networks": true,
                "allow_dhcpd": null,
                "allow_multiple_supplicants": false,
                "bypass_auth_when_server_down": false,
                "bypass_auth_when_server_down_for_unkonwn_client": false,
                "description": null,
                "disable_autoneg": false,
                "disabled": false,
                "duplex": "auto",
                "dynamic_vlan_networks": [],
                "enable_mac_auth": false,
                "enable_qos": false,
                "guest_network": null,
                "inter_switch_link": false,
                "mac_auth_only": null,
                "mac_auth_preferred": null,
                "mac_auth_protocol": "eap-md5",
                "mac_limit": 0,
                "mode": "trunk",
                "mtu": null,
                "networks": [],
                "persist_mac": false,
                "poe_disabled": false,
                "port_auth": null,
                "port_network": "default",
                "reauth_interval": 3600,
                "reset_default_when": "link_down",
                "rules": null,
                "server_fail_network": null,
                "server_reject_network": null,
                "speed": "auto",
                "storm_control": {
                  "no_broadcast": false,
                  "no_multicast": false,
                  "no_registered_multicast": false,
                  "no_unknown_unicast": false,
                  "percentage": 5
                },
                "stp_edge": false,
                "stp_no_root_port": false,
                "stp_p2p": false,
                "ui_evpntopo_id": null,
                "use_vstp": false,
                "voip_network": null
              },
              "uplink-switch": {
                "all_networks": true,
                "allow_dhcpd": null,
                "allow_multiple_supplicants": false,
                "bypass_auth_when_server_down": false,
                "bypass_auth_when_server_down_for_unkonwn_client": false,
                "description": null,
                "disable_autoneg": false,
                "disabled": false,
                "duplex": "auto",
                "dynamic_vlan_networks": [],
                "enable_mac_auth": false,
                "enable_qos": false,
                "guest_network": null,
                "inter_switch_link": false,
                "mac_auth_only": null,
                "mac_auth_preferred": null,
                "mac_auth_protocol": "eap-md5",
                "mac_limit": 0,
                "mode": "trunk",
                "mtu": null,
                "networks": [],
                "persist_mac": false,
                "poe_disabled": true,
                "port_auth": null,
                "port_network": "default",
                "reauth_interval": 3600,
                "reset_default_when": "link_down",
                "rules": null,
                "server_fail_network": null,
                "server_reject_network": null,
                "speed": "auto",
                "storm_control": {
                  "no_broadcast": false,
                  "no_multicast": false,
                  "no_registered_multicast": false,
                  "no_unknown_unicast": false,
                  "percentage": 2
                },
                "stp_edge": false,
                "stp_no_root_port": false,
                "stp_p2p": false,
                "ui_evpntopo_id": null,
                "use_vstp": false,
                "voip_network": null
              }
            },
            "radius_config": null,
            "remote_syslog": null,
            "remove_existing_configs": false,
            "site_id": "ff22d086-3719-486f-9449-949f1b62ee4c",
            "snmp_config": null,
            "switch_matching": {
              "enable": true,
              "rules": [
                {
                  "additional_config_cmds": [
                    "set protocols rstp bridge-priority 28k",
                    "set protocols rstp interface uplink-switch no-root-port"
                  ],
                  "ip_config": null,
                  "match_model": "",
                  "match_name": "",
                  "match_name_offset": 0,
                  "match_role": "usa-style1-switch-1",
                  "match_type": "",
                  "match_value": "",
                  "name": "usa-style1-switch-1",
                  "oob_ip_config": null,
                  "port_config": {
                    "ge-0/0/0-1": {
                      "ae_disable_lacp": null,
                      "ae_idx": null,
                      "ae_lacp_slow": true,
                      "aggregated": false,
                      "critical": true,
                      "description": null,
                      "disable_autoneg": false,
                      "duplex": "auto",
                      "dynamic_usage": null,
                      "esilag": null,
                      "mtu": 1514,
                      "no_local_overwrite": true,
                      "poe_disabled": false,
                      "speed": "auto",
                      "usage": "core"
                    },
                    "ge-0/0/2-39": {
                      "ae_disable_lacp": null,
                      "ae_idx": null,
                      "ae_lacp_slow": true,
                      "aggregated": false,
                      "critical": false,
                      "description": null,
                      "disable_autoneg": false,
                      "duplex": "auto",
                      "dynamic_usage": null,
                      "esilag": null,
                      "mtu": 1514,
                      "no_local_overwrite": false,
                      "poe_disabled": false,
                      "speed": "auto",
                      "usage": "dot1x-mab_only"
                    },
                    "ge-0/0/44-45": {
                      "ae_disable_lacp": null,
                      "ae_idx": null,
                      "ae_lacp_slow": true,
                      "aggregated": false,
                      "critical": true,
                      "description": null,
                      "disable_autoneg": false,
                      "duplex": "auto",
                      "dynamic_usage": null,
                      "esilag": null,
                      "mtu": 1514,
                      "no_local_overwrite": true,
                      "poe_disabled": false,
                      "speed": "auto",
                      "usage": "store-ap"
                    },
                    "ge-0/0/46-47": {
                      "ae_disable_lacp": true,
                      "ae_idx": 0,
                      "ae_lacp_slow": false,
                      "aggregated": true,
                      "critical": true,
                      "description": null,
                      "disable_autoneg": false,
                      "duplex": "auto",
                      "dynamic_usage": null,
                      "esilag": null,
                      "mtu": 1514,
                      "no_local_overwrite": true,
                      "poe_disabled": false,
                      "speed": "auto",
                      "usage": "uplink-srx-wan"
                    },
                    "xe-0/1/0-1": {
                      "ae_disable_lacp": null,
                      "ae_idx": null,
                      "ae_lacp_slow": true,
                      "aggregated": false,
                      "critical": true,
                      "description": null,
                      "disable_autoneg": false,
                      "duplex": "auto",
                      "dynamic_usage": null,
                      "esilag": null,
                      "mtu": 1514,
                      "no_local_overwrite": true,
                      "poe_disabled": false,
                      "speed": "auto",
                      "usage": "uplink-switch"
                    },
                    "xe-0/1/2-3, ge-0/0/40-42": {
                      "ae_disable_lacp": null,
                      "ae_idx": null,
                      "ae_lacp_slow": true,
                      "aggregated": false,
                      "critical": false,
                      "description": null,
                      "disable_autoneg": false,
                      "duplex": "auto",
                      "dynamic_usage": null,
                      "esilag": null,
                      "mtu": 1514,
                      "no_local_overwrite": true,
                      "poe_disabled": false,
                      "speed": "auto",
                      "usage": "disabled_port"
                    }
                  },
                  "port_mirroring": {
                    "mcd-sw1-span": {
                      "input_networks_ingress": [
                        "CORE"
                      ],
                      "input_port_ids_egress": [],
                      "input_port_ids_ingress": [],
                      "output_network": null,
                      "output_port_id": "ge-0/0/42"
                    }
                  }
                },
                {
                  "additional_config_cmds": [
                    ""
                  ],
                  "ip_config": null,
                  "match_model": "",
                  "match_name": "",
                  "match_name_offset": 0,
                  "match_role": "usa-style1-switch-2",
                  "match_type": "",
                  "match_value": "",
                  "name": "usa-style1-switch-2",
                  "oob_ip_config": null,
                  "port_config": {
                    "ge-0/0/0-39": {
                      "ae_disable_lacp": null,
                      "ae_idx": null,
                      "ae_lacp_slow": true,
                      "aggregated": false,
                      "critical": false,
                      "description": null,
                      "disable_autoneg": false,
                      "duplex": "auto",
                      "dynamic_usage": null,
                      "esilag": null,
                      "mtu": 1514,
                      "no_local_overwrite": false,
                      "poe_disabled": false,
                      "speed": "auto",
                      "usage": "dot1x-mab_only"
                    },
                    "ge-0/0/40-42, xe-0/1/2-3": {
                      "ae_disable_lacp": null,
                      "ae_idx": null,
                      "ae_lacp_slow": true,
                      "aggregated": false,
                      "critical": false,
                      "description": null,
                      "disable_autoneg": false,
                      "duplex": "auto",
                      "dynamic_usage": null,
                      "esilag": null,
                      "mtu": 1514,
                      "no_local_overwrite": true,
                      "poe_disabled": false,
                      "speed": "auto",
                      "usage": "disabled_port"
                    },
                    "ge-0/0/44-45": {
                      "ae_disable_lacp": null,
                      "ae_idx": null,
                      "ae_lacp_slow": true,
                      "aggregated": false,
                      "critical": true,
                      "description": null,
                      "disable_autoneg": false,
                      "duplex": "auto",
                      "dynamic_usage": null,
                      "esilag": null,
                      "mtu": 1514,
                      "no_local_overwrite": true,
                      "poe_disabled": false,
                      "speed": "auto",
                      "usage": "store-ap"
                    },
                    "ge-0/0/46-47": {
                      "ae_disable_lacp": true,
                      "ae_idx": 0,
                      "ae_lacp_slow": false,
                      "aggregated": true,
                      "critical": true,
                      "description": null,
                      "disable_autoneg": false,
                      "duplex": "auto",
                      "dynamic_usage": null,
                      "esilag": null,
                      "mtu": 1514,
                      "no_local_overwrite": true,
                      "poe_disabled": false,
                      "speed": "auto",
                      "usage": "uplink-srx-wan"
                    },
                    "xe-0/1/0-1": {
                      "ae_disable_lacp": null,
                      "ae_idx": null,
                      "ae_lacp_slow": true,
                      "aggregated": false,
                      "critical": true,
                      "description": null,
                      "disable_autoneg": false,
                      "duplex": "auto",
                      "dynamic_usage": null,
                      "esilag": null,
                      "mtu": 1514,
                      "no_local_overwrite": true,
                      "poe_disabled": false,
                      "speed": "auto",
                      "usage": "uplink-switch"
                    }
                  },
                  "port_mirroring": null
                },
                {
                  "additional_config_cmds": [
                    "set protocols rstp bridge-priority 36k"
                  ],
                  "ip_config": null,
                  "match_model": "",
                  "match_name": "",
                  "match_name_offset": 0,
                  "match_role": "usa-style1-switch-3",
                  "match_type": "",
                  "match_value": "",
                  "name": "usa-style1-switch-3",
                  "oob_ip_config": null,
                  "port_config": {
                    "ge-0/0/0-39": {
                      "ae_disable_lacp": null,
                      "ae_idx": null,
                      "ae_lacp_slow": true,
                      "aggregated": false,
                      "critical": false,
                      "description": null,
                      "disable_autoneg": false,
                      "duplex": "auto",
                      "dynamic_usage": null,
                      "esilag": null,
                      "mtu": 1514,
                      "no_local_overwrite": false,
                      "poe_disabled": false,
                      "speed": "auto",
                      "usage": "dot1x-mab_only"
                    },
                    "ge-0/0/40-42, ge-0/0/46-47, xe-0/1/2-3": {
                      "ae_disable_lacp": null,
                      "ae_idx": null,
                      "ae_lacp_slow": true,
                      "aggregated": false,
                      "critical": false,
                      "description": null,
                      "disable_autoneg": false,
                      "duplex": "auto",
                      "dynamic_usage": null,
                      "esilag": null,
                      "mtu": 1514,
                      "no_local_overwrite": true,
                      "poe_disabled": false,
                      "speed": "auto",
                      "usage": "disabled_port"
                    },
                    "ge-0/0/44-45": {
                      "ae_disable_lacp": null,
                      "ae_idx": null,
                      "ae_lacp_slow": true,
                      "aggregated": false,
                      "critical": true,
                      "description": null,
                      "disable_autoneg": false,
                      "duplex": "auto",
                      "dynamic_usage": null,
                      "esilag": null,
                      "mtu": 1514,
                      "no_local_overwrite": true,
                      "poe_disabled": false,
                      "speed": "auto",
                      "usage": "store-ap"
                    },
                    "xe-0/1/0-1": {
                      "ae_disable_lacp": null,
                      "ae_idx": null,
                      "ae_lacp_slow": true,
                      "aggregated": false,
                      "critical": true,
                      "description": null,
                      "disable_autoneg": false,
                      "duplex": "auto",
                      "dynamic_usage": null,
                      "esilag": null,
                      "mtu": 1514,
                      "no_local_overwrite": true,
                      "poe_disabled": false,
                      "speed": "auto",
                      "usage": "uplink-switch"
                    }
                  },
                  "port_mirroring": null
                }
              ]
            },
            "switch_mgmt": {
              "ap_affinity_threshold": 10,
              "cli_banner": null,
              "cli_idle_timeout": null,
              "config_revert_timer": 10,
              "dhcp_option_fqdn": false,
              "disable_oob_down_alarm": null,
              "local_accounts": null,
              "mxedge_proxy_host": null,
              "mxedge_proxy_port": 2222,
              "protect_re": {
                "allowed_services": [
                  "icmp",
                  "ssh"
                ],
                "custom": [],
                "enabled": true,
                "trusted_hosts": []
              },
              "root_password": "5T156XC0Ou",
              "tacacs": null,
              "use_mxedge_proxy": null
            },
            "vrf_config": null,
            "vrf_instances": null
          },
          "sensitive_attributes": [
            [
              {
                "type": "get_attr",
                "value": "switch_mgmt"
              },
              {
                "type": "get_attr",
                "value": "root_password"
              }
            ]
          ],
          "dependencies": [
            "mist_org.terraform_test",
            "mist_site.terraform_site"
          ]
        }
      ]
    },
    {
      "mode": "managed",
      "type": "mist_site_setting",
      "name": "terraform_site",
      "provider": "provider[\"registry.terraform.io/juniper/mist\"]",
      "instances": [
        {
          "schema_version": 0,
          "attributes": {
            "analytic": null,
            "ap_updown_threshold": 0,
            "auto_upgrade": {
              "custom_versions": {
                "AP32": "0.14.29411",
                "AP43": "0.12.27139",
                "AP64": "0.14.29411"
              },
              "day_of_week": "sun",
              "enabled": true,
              "time_of_day": "02:00",
              "version": "custom"
            },
            "blacklist_url": "",
            "ble_config": null,
            "config_auto_revert": false,
            "config_push_policy": null,
            "critical_url_monitoring": null,
            "device_updown_threshold": 0,
            "engagement": null,
            "gateway_mgmt": {
              "admin_sshkeys": [],
              "app_probing": {
                "apps": [
                  "icloud",
                  "aws",
                  "facebook",
                  "azure",
                  "ms-teams",
                  "office365",
                  "okta",
                  "webex"
                ],
                "custom_apps": [
                  {
                    "address": null,
                    "app_type": null,
                    "hostnames": [
                      "https://vhqmcd.verifone.com"
                    ],
                    "key": "https://vhqmcd.verifone.com",
                    "name": "Verifone",
                    "network": null,
                    "packet_size": null,
                    "protocol": "http",
                    "url": null,
                    "vrf": null
                  }
                ],
                "enabled": true
              },
              "app_usage": true,
              "auto_signature_update": null,
              "config_revert_timer": 10,
              "disable_console": false,
              "disable_oob": false,
              "probe_hosts": [],
              "protect_re": {
                "allowed_services": [
                  "icmp",
                  "ssh"
                ],
                "custom": [],
                "enabled": true,
                "trusted_hosts": []
              },
              "root_password": "VftgfW7L13",
              "security_log_source_address": null,
              "security_log_source_interface": null
            },
            "gateway_updown_threshold": 0,
            "led": null,
            "occupancy": null,
            "persist_config_on_device": true,
            "proxy": null,
            "remove_existing_configs": false,
            "report_gatt": false,
            "rogue": {
              "enabled": true,
              "honeypot_enabled": true,
              "min_duration": 10,
              "min_rssi": -80,
              "whitelisted_bssids": [],
              "whitelisted_ssids": []
            },
            "rtsa": null,
            "simple_alert": null,
            "site_id": "ff22d086-3719-486f-9449-949f1b62ee4c",
            "skyatp": null,
            "srx_app": null,
            "ssh_keys": null,
            "ssr": null,
            "switch_updown_threshold": 0,
            "synthetic_test": null,
            "track_anonymous_devices": false,
            "uplink_port_config": null,
            "vars": {
              "branch_ip": "10.220.93",
              "branch_no_routable": "172.24.151",
              "crew_network": "29.220.93",
              "iot_net_wired": "30.220.93",
              "iot_net_wired_upper": "192.168.93",
              "iot_net_wireless": "30.220.93",
              "iot_net_wireless_upper": "30.220.93",
              "local_ASN": "64777",
              "peer_ASN": "64781",
              "private_net": "29.220.93",
              "public_dns1": "64.134.255.10",
              "public_dns2": "64.134.255.2",
              "public_dns3": "208.67.222.222",
              "public_dns4": "208.67.220.220",
              "public_net": "192.168.4",
              "public_net_upper": "192.168.5",
              "quarantine_net": "29.220.93",
              "sc_local_id_1": "US_Prod_04270_1@accenture.net",
              "sc_local_id_2": "US_Prod_04270_2@accenture.net",
              "sc_remote_id_1": "prismacentral_1@palo.net",
              "sc_remote_id_2": "prismacentral_2@palo.net",
              "secondary_crew_network": "192.168.6",
              "secondary_iot_net_wireless": "192.168.94",
              "secondary_iot_wired": "192.168.92",
              "secondary_private_net": "192.168.91",
              "secondary_untrusted_net": "172.24.151",
              "secondary_untrusted_net_full_lower": "172.24.151.64",
              "secondary_untrusted_net_full_upper": "172.24.151.65",
              "service_ip_1": "137.83.229.89",
              "service_ip_2": "140.209.233.142",
              "store_nat": "7.0.0",
              "tunnel_monitor_ip": "10.220.93.62",
              "untrusted_net": "29.220.93"
            },
            "vna": null,
            "vs_instance": null,
            "wan_vna": null,
            "watched_station_url": "",
            "whitelist_url": "",
            "wids": null,
            "wifi": null,
            "wired_vna": null,
            "zone_occupancy_alert": null
          },
          "sensitive_attributes": [
            [
              {
                "type": "get_attr",
                "value": "gateway_mgmt"
              },
              {
                "type": "get_attr",
                "value": "root_password"
              }
            ]
          ],
          "dependencies": [
            "mist_org.terraform_test",
            "mist_site.terraform_site"
          ]
        }
      ]
    },
    {
      "mode": "managed",
      "type": "mist_site_wlan",
      "name": "wlan_0",
      "provider": "provider[\"registry.terraform.io/juniper/mist\"]",
      "instances": [
        {
          "schema_version": 0,
          "attributes": {
            "acct_immediate_update": false,
            "acct_interim_interval": 0,
            "acct_servers": [],
            "airwatch": {
              "api_key": "",
              "console_url": "",
              "enabled": false,
              "password": "",
              "username": ""
            },
            "allow_ipv6_ndp": false,
            "allow_mdns": false,
            "allow_ssdp": false,
            "ap_ids": null,
            "app_limit": {
              "apps": {},
              "enabled": false,
              "wxtag_ids": {}
            },
            "app_qos": {
              "apps": null,
              "enabled": false,
              "others": null
            },
            "apply_to": "site",
            "arp_filter": true,
            "auth": {
              "anticlog_threshold": 16,
              "eap_reauth": false,
              "enable_mac_auth": false,
              "key_idx": 1,
              "keys": [
                "",
                "",
                "",
                ""
              ],
              "multi_psk_only": false,
              "owe": "disabled",
              "pairwise": [],
              "private_wlan": false,
              "psk": "",
              "type": "open",
              "wep_as_secondary_auth": false
            },
            "auth_server_selection": "ordered",
            "auth_servers": [],
            "auth_servers_nas_id": "",
            "auth_servers_nas_ip": "",
            "auth_servers_retries": 2,
            "auth_servers_timeout": 5,
            "band_steer": false,
            "band_steer_force_band5": false,
            "bands": [
              "24",
              "5"
            ],
            "block_blacklist_clients": true,
            "bonjour": {
              "additional_vlan_ids": [],
              "enabled": null,
              "services": null
            },
            "cisco_cwa": {
              "allowed_hostnames": [],
              "allowed_subnets": [],
              "blocked_subnets": [],
              "enabled": false
            },
            "client_limit_down": 5000,
            "client_limit_down_enabled": true,
            "client_limit_up": 5000,
            "client_limit_up_enabled": true,
            "coa_servers": [],
            "disable_11ax": false,
            "disable_ht_vht_rates": false,
            "disable_uapsd": false,
            "disable_v1_roam_notify": false,
            "disable_v2_roam_notify": false,
            "disable_when_gateway_unreachable": null,
            "disable_when_mxtunnel_down": null,
            "disable_wmm": false,
            "dns_server_rewrite": {
              "enabled": false,
              "radius_groups": {}
            },
            "dtim": 2,
            "dynamic_psk": null,
            "dynamic_vlan": null,
            "enable_local_keycaching": false,
            "enable_wireless_bridging": false,
            "enable_wireless_bridging_dhcp_tracking": false,
            "enabled": true,
            "fast_dot1x_timers": false,
            "hide_ssid": false,
            "hostname_ie": false,
            "hotspot20": {
              "domain_name": [],
              "enabled": false,
              "nai_realms": [],
              "operators": [],
              "rcoi": [],
              "venue_name": null
            },
            "id": "aae91414-b99d-42b1-bb5e-c15bed1658a8",
            "inject_dhcp_option_82": null,
            "interface": "all",
            "isolation": true,
            "l2_isolation": true,
            "legacy_overds": false,
            "limit_bcast": true,
            "limit_probe_response": false,
            "max_idletime": 1800,
            "max_num_clients": 0,
            "mist_nac": {
              "enabled": false
            },
            "msp_id": "",
            "mxtunnel_ids": null,
            "mxtunnel_name": null,
            "no_static_dns": false,
            "no_static_ip": false,
            "org_id": "9433bc30-0867-4bab-b4af-a26c3c6aa645",
            "portal": {
              "allow_wlan_id_roam": null,
              "amazon_client_id": "",
              "amazon_client_secret": "",
              "amazon_email_domains": [],
              "amazon_enabled": false,
              "amazon_expire": 0,
              "auth": "none",
              "azure_client_id": "",
              "azure_client_secret": "",
              "azure_enabled": false,
              "azure_expire": 0,
              "azure_tenant_id": "",
              "broadnet_password": "",
              "broadnet_sid": "MIST",
              "broadnet_user_id": "",
              "bypass_when_cloud_down": true,
              "clickatell_api_key": "",
              "cross_site": false,
              "email_enabled": false,
              "enabled": true,
              "expire": 240,
              "external_portal_url": "",
              "facebook_client_id": "",
              "facebook_client_secret": "",
              "facebook_email_domains": [],
              "facebook_enabled": false,
              "facebook_expire": 0,
              "forward": true,
              "forward_url": "https://www.mcdonalds.com/us/en-us/wifi.html",
              "google_client_id": "",
              "google_client_secret": "",
              "google_email_domains": [],
              "google_enabled": false,
              "google_expire": 0,
              "gupshup_password": "",
              "gupshup_userid": "",
              "microsoft_client_id": "",
              "microsoft_client_secret": "",
              "microsoft_email_domains": [],
              "microsoft_enabled": false,
              "microsoft_expire": 0,
              "passphrase_enabled": false,
              "passphrase_expire": 0,
              "password": "",
              "predefined_sponsors_enabled": false,
              "predefined_sponsors_hide_email": false,
              "privacy": false,
              "puzzel_password": "",
              "puzzel_service_id": "",
              "puzzel_username": "",
              "sms_enabled": false,
              "sms_expire": 0,
              "sms_message_format": "Code {{code}} expires in {{duration}} minutes.",
              "sms_provider": "manual",
              "sponsor_auto_approve": false,
              "sponsor_email_domains": [],
              "sponsor_enabled": false,
              "sponsor_expire": 0,
              "sponsor_link_validity_duration": "60",
              "sponsor_notify_all": true,
              "sponsor_status_notify": false,
              "sponsors": {},
              "sso_default_role": "",
              "sso_forced_role": "",
              "sso_idp_cert": "",
              "sso_idp_sign_algo": "sha1",
              "sso_idp_sso_url": "",
              "sso_issuer": "",
              "sso_nameid_format": "email",
              "telstra_client_id": "",
              "telstra_client_secret": "",
              "twilio_auth_token": "",
              "twilio_phone_number": "",
              "twilio_sid": ""
            },
            "portal_allowed_hostnames": [],
            "portal_allowed_subnets": [],
            "portal_api_secret": "",
            "portal_denied_hostnames": [],
            "portal_image": "not_present",
            "portal_sso_url": "",
            "qos": {
              "class": "best_effort",
              "overwrite": false
            },
            "radsec": {
              "coa_enabled": null,
              "enabled": false,
              "idle_timeout": null,
              "mxcluster_ids": [],
              "proxy_hosts": [],
              "server_name": "",
              "servers": [],
              "use_mxedge": null,
              "use_site_mxedge": null
            },
            "rateset": {
              "24": {
                "ht": null,
                "legacy": [],
                "min_rssi": 0,
                "template": "compatible",
                "vht": null
              },
              "5": {
                "ht": null,
                "legacy": [],
                "min_rssi": 0,
                "template": "compatible",
                "vht": null
              },
              "6": {
                "ht": null,
                "legacy": [],
                "min_rssi": 0,
                "template": "compatible",
                "vht": null
              }
            },
            "reconnect_clients_when_roaming_mxcluster": null,
            "roam_mode": "NONE",
            "schedule": {
              "enabled": false,
              "hours": {
                "fri": null,
                "mon": null,
                "sat": null,
                "sun": null,
                "thu": null,
                "tue": null,
                "wed": null
              }
            },
            "site_id": "ff22d086-3719-486f-9449-949f1b62ee4c",
            "sle_excluded": true,
            "ssid": "McDonalds Free WiFi",
            "use_eapol_v1": false,
            "vlan_enabled": true,
            "vlan_id": "450",
            "vlan_ids": [],
            "vlan_pooling": false,
            "wlan_limit_down": 100000,
            "wlan_limit_down_enabled": true,
            "wlan_limit_up": 100000,
            "wlan_limit_up_enabled": true,
            "wxtag_ids": [],
            "wxtunnel_id": "",
            "wxtunnel_remote_id": ""
          },
          "sensitive_attributes": [
            [
              {
                "type": "get_attr",
                "value": "auth"
              },
              {
                "type": "get_attr",
                "value": "psk"
              }
            ],
            [
              {
                "type": "get_attr",
                "value": "airwatch"
              },
              {
                "type": "get_attr",
                "value": "password"
              }
            ],
            [
              {
                "type": "get_attr",
                "value": "portal"
              },
              {
                "type": "get_attr",
                "value": "puzzel_password"
              }
            ],
            [
              {
                "type": "get_attr",
                "value": "portal"
              },
              {
                "type": "get_attr",
                "value": "gupshup_password"
              }
            ],
            [
              {
                "type": "get_attr",
                "value": "portal"
              },
              {
                "type": "get_attr",
                "value": "password"
              }
            ],
            [
              {
                "type": "get_attr",
                "value": "portal"
              },
              {
                "type": "get_attr",
                "value": "broadnet_password"
              }
            ]
          ],
          "dependencies": [
            "mist_org.terraform_test",
            "mist_site.terraform_site"
          ]
        }
      ]
    },
    {
      "mode": "managed",
      "type": "mist_site_wlan",
      "name": "wlan_1",
      "provider": "provider[\"registry.terraform.io/juniper/mist\"]",
      "instances": [
        {
          "schema_version": 0,
          "attributes": {
            "acct_immediate_update": false,
            "acct_interim_interval": 0,
            "acct_servers": [],
            "airwatch": {
              "api_key": "",
              "console_url": "",
              "enabled": false,
              "password": "",
              "username": ""
            },
            "allow_ipv6_ndp": false,
            "allow_mdns": false,
            "allow_ssdp": false,
            "ap_ids": null,
            "app_limit": {
              "apps": {},
              "enabled": false,
              "wxtag_ids": {}
            },
            "app_qos": {
              "apps": null,
              "enabled": false,
              "others": null
            },
            "apply_to": "site",
            "arp_filter": true,
            "auth": {
              "anticlog_threshold": 16,
              "eap_reauth": false,
              "enable_mac_auth": true,
              "key_idx": 1,
              "keys": [
                "",
                "",
                "",
                ""
              ],
              "multi_psk_only": false,
              "owe": "disabled",
              "pairwise": [],
              "private_wlan": false,
              "psk": "",
              "type": "open",
              "wep_as_secondary_auth": false
            },
            "auth_server_selection": "ordered",
            "auth_servers": [],
            "auth_servers_nas_id": "",
            "auth_servers_nas_ip": "",
            "auth_servers_retries": 2,
            "auth_servers_timeout": 5,
            "band_steer": false,
            "band_steer_force_band5": false,
            "bands": [
              "24",
              "5"
            ],
            "block_blacklist_clients": true,
            "bonjour": {
              "additional_vlan_ids": [],
              "enabled": null,
              "services": null
            },
            "cisco_cwa": {
              "allowed_hostnames": [],
              "allowed_subnets": [],
              "blocked_subnets": [],
              "enabled": false
            },
            "client_limit_down": 1000,
            "client_limit_down_enabled": false,
            "client_limit_up": 512,
            "client_limit_up_enabled": false,
            "coa_servers": [],
            "disable_11ax": false,
            "disable_ht_vht_rates": false,
            "disable_uapsd": false,
            "disable_v1_roam_notify": false,
            "disable_v2_roam_notify": false,
            "disable_when_gateway_unreachable": null,
            "disable_when_mxtunnel_down": null,
            "disable_wmm": false,
            "dns_server_rewrite": {
              "enabled": false,
              "radius_groups": {}
            },
            "dtim": 2,
            "dynamic_psk": null,
            "dynamic_vlan": null,
            "enable_local_keycaching": false,
            "enable_wireless_bridging": false,
            "enable_wireless_bridging_dhcp_tracking": false,
            "enabled": true,
            "fast_dot1x_timers": false,
            "hide_ssid": false,
            "hostname_ie": false,
            "hotspot20": {
              "domain_name": [],
              "enabled": false,
              "nai_realms": [],
              "operators": [],
              "rcoi": [],
              "venue_name": null
            },
            "id": "8e2da207-a265-472f-af0e-562eada33649",
            "inject_dhcp_option_82": null,
            "interface": "all",
            "isolation": false,
            "l2_isolation": false,
            "legacy_overds": false,
            "limit_bcast": true,
            "limit_probe_response": false,
            "max_idletime": 1800,
            "max_num_clients": 0,
            "mist_nac": {
              "enabled": true
            },
            "msp_id": "",
            "mxtunnel_ids": null,
            "mxtunnel_name": null,
            "no_static_dns": false,
            "no_static_ip": false,
            "org_id": "9433bc30-0867-4bab-b4af-a26c3c6aa645",
            "portal": {
              "allow_wlan_id_roam": null,
              "amazon_client_id": "",
              "amazon_client_secret": "",
              "amazon_email_domains": [],
              "amazon_enabled": false,
              "amazon_expire": 0,
              "auth": "none",
              "azure_client_id": "",
              "azure_client_secret": "",
              "azure_enabled": false,
              "azure_expire": 0,
              "azure_tenant_id": "",
              "broadnet_password": "",
              "broadnet_sid": "MIST",
              "broadnet_user_id": "",
              "bypass_when_cloud_down": true,
              "clickatell_api_key": "",
              "cross_site": false,
              "email_enabled": false,
              "enabled": false,
              "expire": 1440,
              "external_portal_url": "",
              "facebook_client_id": "",
              "facebook_client_secret": "",
              "facebook_email_domains": [],
              "facebook_enabled": false,
              "facebook_expire": 0,
              "forward": false,
              "forward_url": "",
              "google_client_id": "",
              "google_client_secret": "",
              "google_email_domains": [],
              "google_enabled": false,
              "google_expire": 0,
              "gupshup_password": "",
              "gupshup_userid": "",
              "microsoft_client_id": "",
              "microsoft_client_secret": "",
              "microsoft_email_domains": [],
              "microsoft_enabled": false,
              "microsoft_expire": 0,
              "passphrase_enabled": false,
              "passphrase_expire": 0,
              "password": "",
              "predefined_sponsors_enabled": false,
              "predefined_sponsors_hide_email": false,
              "privacy": false,
              "puzzel_password": "",
              "puzzel_service_id": "",
              "puzzel_username": "",
              "sms_enabled": false,
              "sms_expire": 0,
              "sms_message_format": "Code {{code}} expires in {{duration}} minutes.",
              "sms_provider": "manual",
              "sponsor_auto_approve": false,
              "sponsor_email_domains": [],
              "sponsor_enabled": false,
              "sponsor_expire": 0,
              "sponsor_link_validity_duration": "60",
              "sponsor_notify_all": true,
              "sponsor_status_notify": false,
              "sponsors": {},
              "sso_default_role": "",
              "sso_forced_role": "",
              "sso_idp_cert": "",
              "sso_idp_sign_algo": "sha1",
              "sso_idp_sso_url": "",
              "sso_issuer": "",
              "sso_nameid_format": "email",
              "telstra_client_id": "",
              "telstra_client_secret": "",
              "twilio_auth_token": "",
              "twilio_phone_number": "",
              "twilio_sid": ""
            },
            "portal_allowed_hostnames": [],
            "portal_allowed_subnets": [],
            "portal_api_secret": "",
            "portal_denied_hostnames": [],
            "portal_image": "not_present",
            "portal_sso_url": "",
            "qos": {
              "class": "best_effort",
              "overwrite": false
            },
            "radsec": {
              "coa_enabled": null,
              "enabled": false,
              "idle_timeout": null,
              "mxcluster_ids": [],
              "proxy_hosts": [],
              "server_name": "",
              "servers": [],
              "use_mxedge": null,
              "use_site_mxedge": null
            },
            "rateset": {
              "24": {
                "ht": null,
                "legacy": [],
                "min_rssi": 0,
                "template": "compatible",
                "vht": null
              },
              "5": {
                "ht": null,
                "legacy": [],
                "min_rssi": 0,
                "template": "compatible",
                "vht": null
              },
              "6": {
                "ht": null,
                "legacy": [],
                "min_rssi": 0,
                "template": "compatible",
                "vht": null
              }
            },
            "reconnect_clients_when_roaming_mxcluster": null,
            "roam_mode": "NONE",
            "schedule": {
              "enabled": false,
              "hours": {
                "fri": null,
                "mon": null,
                "sat": null,
                "sun": null,
                "thu": null,
                "tue": null,
                "wed": null
              }
            },
            "site_id": "ff22d086-3719-486f-9449-949f1b62ee4c",
            "sle_excluded": false,
            "ssid": "eBOS",
            "use_eapol_v1": false,
            "vlan_enabled": true,
            "vlan_id": "451",
            "vlan_ids": [],
            "vlan_pooling": false,
            "wlan_limit_down": 20000,
            "wlan_limit_down_enabled": false,
            "wlan_limit_up": 10000,
            "wlan_limit_up_enabled": false,
            "wxtag_ids": [],
            "wxtunnel_id": "",
            "wxtunnel_remote_id": ""
          },
          "sensitive_attributes": [
            [
              {
                "type": "get_attr",
                "value": "airwatch"
              },
              {
                "type": "get_attr",
                "value": "password"
              }
            ],
            [
              {
                "type": "get_attr",
                "value": "portal"
              },
              {
                "type": "get_attr",
                "value": "broadnet_password"
              }
            ],
            [
              {
                "type": "get_attr",
                "value": "portal"
              },
              {
                "type": "get_attr",
                "value": "puzzel_password"
              }
            ],
            [
              {
                "type": "get_attr",
                "value": "portal"
              },
              {
                "type": "get_attr",
                "value": "password"
              }
            ],
            [
              {
                "type": "get_attr",
                "value": "portal"
              },
              {
                "type": "get_attr",
                "value": "gupshup_password"
              }
            ],
            [
              {
                "type": "get_attr",
                "value": "auth"
              },
              {
                "type": "get_attr",
                "value": "psk"
              }
            ]
          ],
          "dependencies": [
            "mist_org.terraform_test",
            "mist_site.terraform_site"
          ]
        }
      ]
    },
    {
      "mode": "managed",
      "type": "mist_site_wlan",
      "name": "wlan_2",
      "provider": "provider[\"registry.terraform.io/juniper/mist\"]",
      "instances": [
        {
          "schema_version": 0,
          "attributes": {
            "acct_immediate_update": false,
            "acct_interim_interval": 0,
            "acct_servers": [],
            "airwatch": {
              "api_key": "",
              "console_url": "",
              "enabled": false,
              "password": "",
              "username": ""
            },
            "allow_ipv6_ndp": false,
            "allow_mdns": false,
            "allow_ssdp": false,
            "ap_ids": null,
            "app_limit": {
              "apps": {},
              "enabled": false,
              "wxtag_ids": {}
            },
            "app_qos": {
              "apps": null,
              "enabled": false,
              "others": null
            },
            "apply_to": "site",
            "arp_filter": true,
            "auth": {
              "anticlog_threshold": 16,
              "eap_reauth": false,
              "enable_mac_auth": false,
              "key_idx": 1,
              "keys": [
                "",
                "",
                "",
                ""
              ],
              "multi_psk_only": false,
              "owe": "disabled",
              "pairwise": [],
              "private_wlan": false,
              "psk": "",
              "type": "eap",
              "wep_as_secondary_auth": false
            },
            "auth_server_selection": "ordered",
            "auth_servers": [],
            "auth_servers_nas_id": "",
            "auth_servers_nas_ip": "",
            "auth_servers_retries": 2,
            "auth_servers_timeout": 5,
            "band_steer": false,
            "band_steer_force_band5": false,
            "bands": [
              "24",
              "5"
            ],
            "block_blacklist_clients": true,
            "bonjour": {
              "additional_vlan_ids": [],
              "enabled": null,
              "services": null
            },
            "cisco_cwa": {
              "allowed_hostnames": [],
              "allowed_subnets": [],
              "blocked_subnets": [],
              "enabled": false
            },
            "client_limit_down": 1000,
            "client_limit_down_enabled": false,
            "client_limit_up": 512,
            "client_limit_up_enabled": false,
            "coa_servers": [],
            "disable_11ax": false,
            "disable_ht_vht_rates": false,
            "disable_uapsd": false,
            "disable_v1_roam_notify": false,
            "disable_v2_roam_notify": false,
            "disable_when_gateway_unreachable": null,
            "disable_when_mxtunnel_down": null,
            "disable_wmm": false,
            "dns_server_rewrite": {
              "enabled": false,
              "radius_groups": {}
            },
            "dtim": 2,
            "dynamic_psk": null,
            "dynamic_vlan": null,
            "enable_local_keycaching": false,
            "enable_wireless_bridging": false,
            "enable_wireless_bridging_dhcp_tracking": false,
            "enabled": true,
            "fast_dot1x_timers": false,
            "hide_ssid": true,
            "hostname_ie": false,
            "hotspot20": {
              "domain_name": [],
              "enabled": false,
              "nai_realms": [],
              "operators": [],
              "rcoi": [],
              "venue_name": null
            },
            "id": "f965c9ab-f7f2-4eeb-8c13-56cc85be1ad5",
            "inject_dhcp_option_82": null,
            "interface": "all",
            "isolation": false,
            "l2_isolation": false,
            "legacy_overds": false,
            "limit_bcast": true,
            "limit_probe_response": false,
            "max_idletime": 1800,
            "max_num_clients": 0,
            "mist_nac": {
              "enabled": true
            },
            "msp_id": "",
            "mxtunnel_ids": null,
            "mxtunnel_name": null,
            "no_static_dns": false,
            "no_static_ip": false,
            "org_id": "9433bc30-0867-4bab-b4af-a26c3c6aa645",
            "portal": {
              "allow_wlan_id_roam": null,
              "amazon_client_id": "",
              "amazon_client_secret": "",
              "amazon_email_domains": [],
              "amazon_enabled": false,
              "amazon_expire": 0,
              "auth": "none",
              "azure_client_id": "",
              "azure_client_secret": "",
              "azure_enabled": false,
              "azure_expire": 0,
              "azure_tenant_id": "",
              "broadnet_password": "",
              "broadnet_sid": "MIST",
              "broadnet_user_id": "",
              "bypass_when_cloud_down": false,
              "clickatell_api_key": "",
              "cross_site": false,
              "email_enabled": false,
              "enabled": false,
              "expire": 1440,
              "external_portal_url": "",
              "facebook_client_id": "",
              "facebook_client_secret": "",
              "facebook_email_domains": [],
              "facebook_enabled": false,
              "facebook_expire": 0,
              "forward": false,
              "forward_url": "",
              "google_client_id": "",
              "google_client_secret": "",
              "google_email_domains": [],
              "google_enabled": false,
              "google_expire": 0,
              "gupshup_password": "",
              "gupshup_userid": "",
              "microsoft_client_id": "",
              "microsoft_client_secret": "",
              "microsoft_email_domains": [],
              "microsoft_enabled": false,
              "microsoft_expire": 0,
              "passphrase_enabled": false,
              "passphrase_expire": 0,
              "password": "",
              "predefined_sponsors_enabled": true,
              "predefined_sponsors_hide_email": false,
              "privacy": false,
              "puzzel_password": "",
              "puzzel_service_id": "",
              "puzzel_username": "",
              "sms_enabled": false,
              "sms_expire": 0,
              "sms_message_format": "Code {{code}} expires in {{duration}} minutes.",
              "sms_provider": "manual",
              "sponsor_auto_approve": false,
              "sponsor_email_domains": [],
              "sponsor_enabled": false,
              "sponsor_expire": 0,
              "sponsor_link_validity_duration": "60",
              "sponsor_notify_all": false,
              "sponsor_status_notify": false,
              "sponsors": {},
              "sso_default_role": "",
              "sso_forced_role": "",
              "sso_idp_cert": "",
              "sso_idp_sign_algo": "sha1",
              "sso_idp_sso_url": "",
              "sso_issuer": "",
              "sso_nameid_format": "email",
              "telstra_client_id": "",
              "telstra_client_secret": "",
              "twilio_auth_token": "",
              "twilio_phone_number": "",
              "twilio_sid": ""
            },
            "portal_allowed_hostnames": [],
            "portal_allowed_subnets": [],
            "portal_api_secret": "",
            "portal_denied_hostnames": [],
            "portal_image": "not_present",
            "portal_sso_url": "",
            "qos": {
              "class": "best_effort",
              "overwrite": false
            },
            "radsec": {
              "coa_enabled": null,
              "enabled": false,
              "idle_timeout": null,
              "mxcluster_ids": [],
              "proxy_hosts": [],
              "server_name": "",
              "servers": [],
              "use_mxedge": null,
              "use_site_mxedge": null
            },
            "rateset": {
              "24": {
                "ht": null,
                "legacy": [],
                "min_rssi": 0,
                "template": "compatible",
                "vht": null
              },
              "5": {
                "ht": null,
                "legacy": [],
                "min_rssi": 0,
                "template": "compatible",
                "vht": null
              },
              "6": {
                "ht": null,
                "legacy": [],
                "min_rssi": 0,
                "template": "compatible",
                "vht": null
              }
            },
            "reconnect_clients_when_roaming_mxcluster": null,
            "roam_mode": "NONE",
            "schedule": {
              "enabled": false,
              "hours": {
                "fri": null,
                "mon": null,
                "sat": null,
                "sun": null,
                "thu": null,
                "tue": null,
                "wed": null
              }
            },
            "site_id": "ff22d086-3719-486f-9449-949f1b62ee4c",
            "sle_excluded": false,
            "ssid": "McD-HHOT",
            "use_eapol_v1": false,
            "vlan_enabled": true,
            "vlan_id": "420",
            "vlan_ids": [],
            "vlan_pooling": false,
            "wlan_limit_down": 20000,
            "wlan_limit_down_enabled": false,
            "wlan_limit_up": 10000,
            "wlan_limit_up_enabled": false,
            "wxtag_ids": [],
            "wxtunnel_id": "",
            "wxtunnel_remote_id": ""
          },
          "sensitive_attributes": [
            [
              {
                "type": "get_attr",
                "value": "auth"
              },
              {
                "type": "get_attr",
                "value": "psk"
              }
            ],
            [
              {
                "type": "get_attr",
                "value": "airwatch"
              },
              {
                "type": "get_attr",
                "value": "password"
              }
            ],
            [
              {
                "type": "get_attr",
                "value": "portal"
              },
              {
                "type": "get_attr",
                "value": "password"
              }
            ],
            [
              {
                "type": "get_attr",
                "value": "portal"
              },
              {
                "type": "get_attr",
                "value": "puzzel_password"
              }
            ],
            [
              {
                "type": "get_attr",
                "value": "portal"
              },
              {
                "type": "get_attr",
                "value": "broadnet_password"
              }
            ],
            [
              {
                "type": "get_attr",
                "value": "portal"
              },
              {
                "type": "get_attr",
                "value": "gupshup_password"
              }
            ]
          ],
          "dependencies": [
            "mist_org.terraform_test",
            "mist_site.terraform_site"
          ]
        }
      ]
    },
    {
      "mode": "managed",
      "type": "mist_site_wlan",
      "name": "wlan_3",
      "provider": "provider[\"registry.terraform.io/juniper/mist\"]",
      "instances": [
        {
          "schema_version": 0,
          "attributes": {
            "acct_immediate_update": false,
            "acct_interim_interval": 0,
            "acct_servers": [],
            "airwatch": {
              "api_key": "",
              "console_url": "",
              "enabled": false,
              "password": "",
              "username": ""
            },
            "allow_ipv6_ndp": false,
            "allow_mdns": false,
            "allow_ssdp": false,
            "ap_ids": null,
            "app_limit": {
              "apps": {},
              "enabled": false,
              "wxtag_ids": {}
            },
            "app_qos": {
              "apps": null,
              "enabled": false,
              "others": null
            },
            "apply_to": "site",
            "arp_filter": true,
            "auth": {
              "anticlog_threshold": 16,
              "eap_reauth": false,
              "enable_mac_auth": false,
              "key_idx": 1,
              "keys": [
                "",
                "",
                "",
                ""
              ],
              "multi_psk_only": true,
              "owe": "disabled",
              "pairwise": [],
              "private_wlan": false,
              "psk": "",
              "type": "psk",
              "wep_as_secondary_auth": false
            },
            "auth_server_selection": "ordered",
            "auth_servers": [],
            "auth_servers_nas_id": "",
            "auth_servers_nas_ip": "",
            "auth_servers_retries": 2,
            "auth_servers_timeout": 5,
            "band_steer": false,
            "band_steer_force_band5": false,
            "bands": [
              "24",
              "5"
            ],
            "block_blacklist_clients": true,
            "bonjour": {
              "additional_vlan_ids": [],
              "enabled": null,
              "services": null
            },
            "cisco_cwa": {
              "allowed_hostnames": [],
              "allowed_subnets": [],
              "blocked_subnets": [],
              "enabled": false
            },
            "client_limit_down": 1000,
            "client_limit_down_enabled": false,
            "client_limit_up": 512,
            "client_limit_up_enabled": false,
            "coa_servers": [],
            "disable_11ax": false,
            "disable_ht_vht_rates": false,
            "disable_uapsd": false,
            "disable_v1_roam_notify": false,
            "disable_v2_roam_notify": false,
            "disable_when_gateway_unreachable": null,
            "disable_when_mxtunnel_down": null,
            "disable_wmm": false,
            "dns_server_rewrite": {
              "enabled": false,
              "radius_groups": {}
            },
            "dtim": 2,
            "dynamic_psk": null,
            "dynamic_vlan": null,
            "enable_local_keycaching": false,
            "enable_wireless_bridging": false,
            "enable_wireless_bridging_dhcp_tracking": false,
            "enabled": true,
            "fast_dot1x_timers": false,
            "hide_ssid": false,
            "hostname_ie": false,
            "hotspot20": {
              "domain_name": [],
              "enabled": false,
              "nai_realms": [],
              "operators": [],
              "rcoi": [],
              "venue_name": null
            },
            "id": "15e85e3e-c354-41de-a313-24c013ac8d2a",
            "inject_dhcp_option_82": null,
            "interface": "all",
            "isolation": true,
            "l2_isolation": true,
            "legacy_overds": false,
            "limit_bcast": true,
            "limit_probe_response": false,
            "max_idletime": 1800,
            "max_num_clients": 0,
            "mist_nac": {
              "enabled": true
            },
            "msp_id": "",
            "mxtunnel_ids": null,
            "mxtunnel_name": null,
            "no_static_dns": false,
            "no_static_ip": false,
            "org_id": "9433bc30-0867-4bab-b4af-a26c3c6aa645",
            "portal": {
              "allow_wlan_id_roam": null,
              "amazon_client_id": "",
              "amazon_client_secret": "",
              "amazon_email_domains": [],
              "amazon_enabled": false,
              "amazon_expire": 0,
              "auth": "none",
              "azure_client_id": "",
              "azure_client_secret": "",
              "azure_enabled": false,
              "azure_expire": 0,
              "azure_tenant_id": "",
              "broadnet_password": "",
              "broadnet_sid": "MIST",
              "broadnet_user_id": "",
              "bypass_when_cloud_down": true,
              "clickatell_api_key": "",
              "cross_site": false,
              "email_enabled": false,
              "enabled": false,
              "expire": 1440,
              "external_portal_url": "",
              "facebook_client_id": "",
              "facebook_client_secret": "",
              "facebook_email_domains": [],
              "facebook_enabled": false,
              "facebook_expire": 0,
              "forward": false,
              "forward_url": "",
              "google_client_id": "",
              "google_client_secret": "",
              "google_email_domains": [],
              "google_enabled": false,
              "google_expire": 0,
              "gupshup_password": "",
              "gupshup_userid": "",
              "microsoft_client_id": "",
              "microsoft_client_secret": "",
              "microsoft_email_domains": [],
              "microsoft_enabled": false,
              "microsoft_expire": 0,
              "passphrase_enabled": false,
              "passphrase_expire": 0,
              "password": "",
              "predefined_sponsors_enabled": false,
              "predefined_sponsors_hide_email": false,
              "privacy": false,
              "puzzel_password": "",
              "puzzel_service_id": "",
              "puzzel_username": "",
              "sms_enabled": false,
              "sms_expire": 0,
              "sms_message_format": "Code {{code}} expires in {{duration}} minutes.",
              "sms_provider": "manual",
              "sponsor_auto_approve": false,
              "sponsor_email_domains": [],
              "sponsor_enabled": false,
              "sponsor_expire": 0,
              "sponsor_link_validity_duration": "60",
              "sponsor_notify_all": true,
              "sponsor_status_notify": false,
              "sponsors": {},
              "sso_default_role": "",
              "sso_forced_role": "",
              "sso_idp_cert": "",
              "sso_idp_sign_algo": "sha1",
              "sso_idp_sso_url": "",
              "sso_issuer": "",
              "sso_nameid_format": "email",
              "telstra_client_id": "",
              "telstra_client_secret": "",
              "twilio_auth_token": "",
              "twilio_phone_number": "",
              "twilio_sid": ""
            },
            "portal_allowed_hostnames": [],
            "portal_allowed_subnets": [],
            "portal_api_secret": "",
            "portal_denied_hostnames": [],
            "portal_image": "not_present",
            "portal_sso_url": "",
            "qos": {
              "class": "best_effort",
              "overwrite": false
            },
            "radsec": {
              "coa_enabled": null,
              "enabled": false,
              "idle_timeout": null,
              "mxcluster_ids": [],
              "proxy_hosts": [],
              "server_name": "",
              "servers": [],
              "use_mxedge": null,
              "use_site_mxedge": null
            },
            "rateset": {
              "24": {
                "ht": null,
                "legacy": [],
                "min_rssi": 0,
                "template": "compatible",
                "vht": null
              },
              "5": {
                "ht": null,
                "legacy": [],
                "min_rssi": 0,
                "template": "compatible",
                "vht": null
              },
              "6": {
                "ht": null,
                "legacy": [],
                "min_rssi": 0,
                "template": "compatible",
                "vht": null
              }
            },
            "reconnect_clients_when_roaming_mxcluster": null,
            "roam_mode": "NONE",
            "schedule": {
              "enabled": false,
              "hours": {
                "fri": null,
                "mon": null,
                "sat": null,
                "sun": null,
                "thu": null,
                "tue": null,
                "wed": null
              }
            },
            "site_id": "ff22d086-3719-486f-9449-949f1b62ee4c",
            "sle_excluded": false,
            "ssid": "McD-IoT",
            "use_eapol_v1": false,
            "vlan_enabled": true,
            "vlan_id": "494",
            "vlan_ids": [],
            "vlan_pooling": false,
            "wlan_limit_down": 20000,
            "wlan_limit_down_enabled": false,
            "wlan_limit_up": 10000,
            "wlan_limit_up_enabled": false,
            "wxtag_ids": [],
            "wxtunnel_id": "",
            "wxtunnel_remote_id": ""
          },
          "sensitive_attributes": [
            [
              {
                "type": "get_attr",
                "value": "auth"
              },
              {
                "type": "get_attr",
                "value": "psk"
              }
            ],
            [
              {
                "type": "get_attr",
                "value": "airwatch"
              },
              {
                "type": "get_attr",
                "value": "password"
              }
            ],
            [
              {
                "type": "get_attr",
                "value": "portal"
              },
              {
                "type": "get_attr",
                "value": "broadnet_password"
              }
            ],
            [
              {
                "type": "get_attr",
                "value": "portal"
              },
              {
                "type": "get_attr",
                "value": "gupshup_password"
              }
            ],
            [
              {
                "type": "get_attr",
                "value": "portal"
              },
              {
                "type": "get_attr",
                "value": "puzzel_password"
              }
            ],
            [
              {
                "type": "get_attr",
                "value": "portal"
              },
              {
                "type": "get_attr",
                "value": "password"
              }
            ]
          ],
          "dependencies": [
            "mist_org.terraform_test",
            "mist_site.terraform_site"
          ]
        }
      ]
    },
    {
      "mode": "managed",
      "type": "mist_site_wxrule",
      "name": "wxrule_wxrule_0",
      "provider": "provider[\"registry.terraform.io/juniper/mist\"]",
      "instances": [
        {
          "schema_version": 0,
          "attributes": {
            "action": "allow",
            "apply_tags": null,
            "blocked_apps": null,
            "dst_allow_wxtags": [],
            "dst_deny_wxtags": [
              "8fbd9275-3596-4b58-92a2-42aac8cd1f29"
            ],
            "dst_wxtags": [],
            "enabled": true,
            "id": "b907a9bc-2b4c-46a5-9df7-058392cfb3a7",
            "order": 1,
            "site_id": "ff22d086-3719-486f-9449-949f1b62ee4c",
            "src_wxtags": [
              "12a17b09-f2ae-456f-94ea-95e5efb8f68e"
            ]
          },
          "sensitive_attributes": [],
          "dependencies": [
            "mist_org.terraform_test",
            "mist_site.terraform_site",
            "mist_site_wlan.wlan_0",
            "mist_site_wxtag.wxtag_1",
            "mist_site_wxtag.wxtag_4"
          ]
        }
      ]
    },
    {
      "mode": "managed",
      "type": "mist_site_wxtag",
      "name": "wxtag_0",
      "provider": "provider[\"registry.terraform.io/juniper/mist\"]",
      "instances": [
        {
          "schema_version": 0,
          "attributes": {
            "id": "72fb24f5-86d7-484a-8654-54b46b36ad6c",
            "mac": null,
            "match": "ip_range_subnet",
            "name": "google 8.8.8.8",
            "op": "in",
            "site_id": "ff22d086-3719-486f-9449-949f1b62ee4c",
            "specs": null,
            "type": "match",
            "values": [
              "8.8.8.8/32"
            ],
            "vlan_id": null
          },
          "sensitive_attributes": [],
          "dependencies": [
            "mist_org.terraform_test",
            "mist_site.terraform_site"
          ]
        }
      ]
    },
    {
      "mode": "managed",
      "type": "mist_site_wxtag",
      "name": "wxtag_1",
      "provider": "provider[\"registry.terraform.io/juniper/mist\"]",
      "instances": [
        {
          "schema_version": 0,
          "attributes": {
            "id": "12a17b09-f2ae-456f-94ea-95e5efb8f68e",
            "mac": null,
            "match": "wlan_id",
            "name": "Free-Wi-Fi",
            "op": "in",
            "site_id": "ff22d086-3719-486f-9449-949f1b62ee4c",
            "specs": null,
            "type": "match",
            "values": [
              "aae91414-b99d-42b1-bb5e-c15bed1658a8"
            ],
            "vlan_id": null
          },
          "sensitive_attributes": [],
          "dependencies": [
            "mist_org.terraform_test",
            "mist_site.terraform_site",
            "mist_site_wlan.wlan_0"
          ]
        }
      ]
    },
    {
      "mode": "managed",
      "type": "mist_site_wxtag",
      "name": "wxtag_2",
      "provider": "provider[\"registry.terraform.io/juniper/mist\"]",
      "instances": [
        {
          "schema_version": 0,
          "attributes": {
            "id": "369debe9-8cb7-4009-9e13-3eb2e01b4a5d",
            "mac": null,
            "match": "radius_group",
            "name": "IoT",
            "op": "in",
            "site_id": "ff22d086-3719-486f-9449-949f1b62ee4c",
            "specs": null,
            "type": "match",
            "values": [
              "IoT"
            ],
            "vlan_id": null
          },
          "sensitive_attributes": [],
          "dependencies": [
            "mist_org.terraform_test",
            "mist_site.terraform_site"
          ]
        }
      ]
    },
    {
      "mode": "managed",
      "type": "mist_site_wxtag",
      "name": "wxtag_3",
      "provider": "provider[\"registry.terraform.io/juniper/mist\"]",
      "instances": [
        {
          "schema_version": 0,
          "attributes": {
            "id": "f84e3523-3981-4dfb-b003-2fa7a281080d",
            "mac": null,
            "match": "radius_group",
            "name": "Employee",
            "op": "in",
            "site_id": "ff22d086-3719-486f-9449-949f1b62ee4c",
            "specs": null,
            "type": "match",
            "values": [
              "Employee"
            ],
            "vlan_id": null
          },
          "sensitive_attributes": [],
          "dependencies": [
            "mist_org.terraform_test",
            "mist_site.terraform_site"
          ]
        }
      ]
    },
    {
      "mode": "managed",
      "type": "mist_site_wxtag",
      "name": "wxtag_4",
      "provider": "provider[\"registry.terraform.io/juniper/mist\"]",
      "instances": [
        {
          "schema_version": 0,
          "attributes": {
            "id": "8fbd9275-3596-4b58-92a2-42aac8cd1f29",
            "mac": null,
            "match": "ip_range_subnet",
            "name": "RFC-1918",
            "op": "in",
            "site_id": "ff22d086-3719-486f-9449-949f1b62ee4c",
            "specs": null,
            "type": "match",
            "values": [
              "10.0.0.0/8",
              "172.16.0.0/12",
              "192.168.0.0/16"
            ],
            "vlan_id": null
          },
          "sensitive_attributes": [],
          "dependencies": [
            "mist_org.terraform_test",
            "mist_site.terraform_site"
          ]
        }
      ]
    }
  ],
  "check_results": null
}
