{
  "version": 4,
  "terraform_version": "1.9.8",
  "serial": 339,
  "lineage": "4782de1c-6c2e-6a40-b585-850e5d44bd57",
  "outputs": {},
  "resources": [
    {
      "mode": "managed",
      "type": "mist_device_switch",
      "name": "switch_access_01",
      "provider": "provider[\"registry.terraform.io/juniper/mist\"]",
      "instances": [
        {
          "schema_version": 0,
          "attributes": {
            "acl_policies": null,
            "acl_tags": null,
            "additional_config_cmds": null,
            "device_id": "00000000-0000-0000-1000-020004a5c06d",
            "dhcp_snooping": null,
            "dhcpd_config": null,
            "disable_auto_config": false,
            "dns_servers": null,
            "dns_suffix": null,
            "evpn_config": null,
            "extra_routes": null,
            "extra_routes6": null,
            "image1_url": "",
            "image2_url": "",
            "image3_url": "",
            "ip_config": null,
            "local_port_config": null,
            "mac": "020004a5c06d",
            "managed": true,
            "map_id": null,
            "mist_nac": null,
            "model": "VJUNOS",
            "name": "access-01",
            "networks": null,
            "notes": null,
            "ntp_servers": null,
            "oob_ip_config": null,
            "org_id": "992bf4b9-c900-4850-9992-107b2f9df928",
            "ospf_areas": null,
            "other_ip_configs": null,
            "port_config": {
              "et-0/0/0,et-0/0/1": {
                "ae_disable_lacp": null,
                "ae_idx": null,
                "ae_lacp_slow": true,
                "aggregated": false,
                "critical": null,
                "description": null,
                "disable_autoneg": false,
                "duplex": "auto",
                "dynamic_usage": null,
                "esilag": null,
                "mtu": 1514,
                "no_local_overwrite": null,
                "poe_disabled": false,
                "speed": "auto",
                "usage": "evpn_uplink"
              }
            },
            "port_mirroring": null,
            "port_usages": null,
            "radius_config": null,
            "remote_syslog": null,
            "role": null,
            "router_id": null,
            "serial": "020004A5C06D",
            "site_id": "0bf6c132-5f2e-410c-abfe-dd48a70c7cf5",
            "snmp_config": null,
            "stp_config": null,
            "switch_mgmt": null,
            "type": "switch",
            "use_router_id_as_source_ip": false,
            "vars": null,
            "virtual_chassis": null,
            "vrf_config": null,
            "vrf_instances": null,
            "vrrp_config": null,
            "x": null,
            "y": null
          },
          "sensitive_attributes": [],
          "dependencies": [
            "mist_org_inventory.inventory"
          ]
        }
      ]
    },
    {
      "mode": "managed",
      "type": "mist_device_switch",
      "name": "switch_access_02",
      "provider": "provider[\"registry.terraform.io/juniper/mist\"]",
      "instances": [
        {
          "schema_version": 0,
          "attributes": {
            "acl_policies": null,
            "acl_tags": null,
            "additional_config_cmds": null,
            "device_id": "00000000-0000-0000-1000-0200044539d0",
            "dhcp_snooping": null,
            "dhcpd_config": null,
            "disable_auto_config": false,
            "dns_servers": null,
            "dns_suffix": null,
            "evpn_config": null,
            "extra_routes": null,
            "extra_routes6": null,
            "image1_url": "",
            "image2_url": "",
            "image3_url": "",
            "ip_config": null,
            "local_port_config": null,
            "mac": "0200044539d0",
            "managed": true,
            "map_id": null,
            "mist_nac": null,
            "model": "VJUNOS",
            "name": "access-02",
            "networks": null,
            "notes": null,
            "ntp_servers": null,
            "oob_ip_config": null,
            "org_id": "992bf4b9-c900-4850-9992-107b2f9df928",
            "ospf_areas": null,
            "other_ip_configs": null,
            "port_config": {
              "et-0/0/0,et-0/0/1": {
                "ae_disable_lacp": null,
                "ae_idx": null,
                "ae_lacp_slow": true,
                "aggregated": false,
                "critical": null,
                "description": null,
                "disable_autoneg": false,
                "duplex": "auto",
                "dynamic_usage": null,
                "esilag": null,
                "mtu": 1514,
                "no_local_overwrite": null,
                "poe_disabled": false,
                "speed": "auto",
                "usage": "evpn_uplink"
              }
            },
            "port_mirroring": null,
            "port_usages": null,
            "radius_config": null,
            "remote_syslog": null,
            "role": null,
            "router_id": null,
            "serial": "0200044539D0",
            "site_id": "0bf6c132-5f2e-410c-abfe-dd48a70c7cf5",
            "snmp_config": null,
            "stp_config": null,
            "switch_mgmt": null,
            "type": "switch",
            "use_router_id_as_source_ip": false,
            "vars": null,
            "virtual_chassis": null,
            "vrf_config": null,
            "vrf_instances": null,
            "vrrp_config": null,
            "x": null,
            "y": null
          },
          "sensitive_attributes": [],
          "dependencies": [
            "mist_org_inventory.inventory"
          ]
        }
      ]
    },
    {
      "mode": "managed",
      "type": "mist_device_switch",
      "name": "switch_core_01",
      "provider": "provider[\"registry.terraform.io/juniper/mist\"]",
      "instances": [
        {
          "schema_version": 0,
          "attributes": {
            "acl_policies": null,
            "acl_tags": null,
            "additional_config_cmds": null,
            "device_id": "00000000-0000-0000-1000-020004a6c1f7",
            "dhcp_snooping": null,
            "dhcpd_config": null,
            "disable_auto_config": false,
            "dns_servers": null,
            "dns_suffix": null,
            "evpn_config": null,
            "extra_routes": null,
            "extra_routes6": null,
            "image1_url": "",
            "image2_url": "",
            "image3_url": "",
            "ip_config": null,
            "local_port_config": null,
            "mac": "020004a6c1f7",
            "managed": true,
            "map_id": null,
            "mist_nac": null,
            "model": "VJUNOS",
            "name": "core-01",
            "networks": null,
            "notes": null,
            "ntp_servers": null,
            "oob_ip_config": null,
            "org_id": "992bf4b9-c900-4850-9992-107b2f9df928",
            "ospf_areas": null,
            "other_ip_configs": {
              "corp": {
                "evpn_anycast": false,
                "ip": "10.99.100.2",
                "ip6": null,
                "netmask": "255.255.255.0",
                "netmask6": null,
                "type": "static",
                "type6": "disabled"
              },
              "mgmt": {
                "evpn_anycast": false,
                "ip": "10.99.110.2",
                "ip6": null,
                "netmask": "255.255.255.0",
                "netmask6": null,
                "type": "static",
                "type6": "disabled"
              }
            },
            "port_config": {
              "et-0/0/0,et-0/0/1": {
                "ae_disable_lacp": null,
                "ae_idx": null,
                "ae_lacp_slow": true,
                "aggregated": false,
                "critical": null,
                "description": null,
                "disable_autoneg": false,
                "duplex": "auto",
                "dynamic_usage": null,
                "esilag": null,
                "mtu": 1514,
                "no_local_overwrite": null,
                "poe_disabled": false,
                "speed": "auto",
                "usage": "evpn_downlink"
              }
            },
            "port_mirroring": null,
            "port_usages": null,
            "radius_config": null,
            "remote_syslog": null,
            "role": null,
            "router_id": null,
            "serial": "020004A6C1F7",
            "site_id": "0bf6c132-5f2e-410c-abfe-dd48a70c7cf5",
            "snmp_config": null,
            "stp_config": null,
            "switch_mgmt": null,
            "type": "switch",
            "use_router_id_as_source_ip": false,
            "vars": null,
            "virtual_chassis": null,
            "vrf_config": null,
            "vrf_instances": null,
            "vrrp_config": null,
            "x": null,
            "y": null
          },
          "sensitive_attributes": [],
          "dependencies": [
            "mist_org_inventory.inventory"
          ]
        }
      ]
    },
    {
      "mode": "managed",
      "type": "mist_device_switch",
      "name": "switch_core_02",
      "provider": "provider[\"registry.terraform.io/juniper/mist\"]",
      "instances": [
        {
          "schema_version": 0,
          "attributes": {
            "acl_policies": null,
            "acl_tags": null,
            "additional_config_cmds": null,
            "device_id": "00000000-0000-0000-1000-02000467ac7f",
            "dhcp_snooping": null,
            "dhcpd_config": null,
            "disable_auto_config": false,
            "dns_servers": null,
            "dns_suffix": null,
            "evpn_config": null,
            "extra_routes": null,
            "extra_routes6": null,
            "image1_url": "",
            "image2_url": "",
            "image3_url": "",
            "ip_config": null,
            "local_port_config": null,
            "mac": "02000467ac7f",
            "managed": true,
            "map_id": null,
            "mist_nac": null,
            "model": "VJUNOS",
            "name": "core-02",
            "networks": null,
            "notes": null,
            "ntp_servers": null,
            "oob_ip_config": null,
            "org_id": "992bf4b9-c900-4850-9992-107b2f9df928",
            "ospf_areas": null,
            "other_ip_configs": {
              "corp": {
                "evpn_anycast": false,
                "ip": "10.99.100.3",
                "ip6": null,
                "netmask": "255.255.255.0",
                "netmask6": null,
                "type": "static",
                "type6": "disabled"
              },
              "mgmt": {
                "evpn_anycast": false,
                "ip": "10.99.110.3",
                "ip6": null,
                "netmask": "255.255.255.0",
                "netmask6": null,
                "type": "static",
                "type6": "disabled"
              }
            },
            "port_config": {
              "et-0/0/0,et-0/0/1": {
                "ae_disable_lacp": null,
                "ae_idx": null,
                "ae_lacp_slow": true,
                "aggregated": false,
                "critical": null,
                "description": null,
                "disable_autoneg": false,
                "duplex": "auto",
                "dynamic_usage": null,
                "esilag": null,
                "mtu": 1514,
                "no_local_overwrite": null,
                "poe_disabled": false,
                "speed": "auto",
                "usage": "evpn_downlink"
              }
            },
            "port_mirroring": null,
            "port_usages": null,
            "radius_config": null,
            "remote_syslog": null,
            "role": null,
            "router_id": null,
            "serial": "02000467AC7F",
            "site_id": "0bf6c132-5f2e-410c-abfe-dd48a70c7cf5",
            "snmp_config": null,
            "stp_config": null,
            "switch_mgmt": null,
            "type": "switch",
            "use_router_id_as_source_ip": false,
            "vars": null,
            "virtual_chassis": null,
            "vrf_config": null,
            "vrf_instances": null,
            "vrrp_config": null,
            "x": null,
            "y": null
          },
          "sensitive_attributes": [],
          "dependencies": [
            "mist_org_inventory.inventory"
          ]
        }
      ]
    },
    {
      "mode": "managed",
      "type": "mist_device_switch",
      "name": "switch_distri_01",
      "provider": "provider[\"registry.terraform.io/juniper/mist\"]",
      "instances": [
        {
          "schema_version": 0,
          "attributes": {
            "acl_policies": null,
            "acl_tags": null,
            "additional_config_cmds": null,
            "device_id": "00000000-0000-0000-1000-020004b87dbd",
            "dhcp_snooping": null,
            "dhcpd_config": null,
            "disable_auto_config": false,
            "dns_servers": null,
            "dns_suffix": null,
            "evpn_config": null,
            "extra_routes": null,
            "extra_routes6": null,
            "image1_url": "",
            "image2_url": "",
            "image3_url": "",
            "ip_config": null,
            "local_port_config": null,
            "mac": "020004b87dbd",
            "managed": true,
            "map_id": null,
            "mist_nac": null,
            "model": "VJUNOS",
            "name": "distri-01",
            "networks": null,
            "notes": null,
            "ntp_servers": null,
            "oob_ip_config": null,
            "org_id": "992bf4b9-c900-4850-9992-107b2f9df928",
            "ospf_areas": null,
            "other_ip_configs": null,
            "port_config": {
              "et-0/0/0,et-0/0/1": {
                "ae_disable_lacp": null,
                "ae_idx": null,
                "ae_lacp_slow": true,
                "aggregated": false,
                "critical": null,
                "description": null,
                "disable_autoneg": false,
                "duplex": "auto",
                "dynamic_usage": null,
                "esilag": null,
                "mtu": 1514,
                "no_local_overwrite": null,
                "poe_disabled": false,
                "speed": "auto",
                "usage": "evpn_uplink"
              },
              "et-0/0/2,et-0/0/3": {
                "ae_disable_lacp": null,
                "ae_idx": null,
                "ae_lacp_slow": true,
                "aggregated": false,
                "critical": null,
                "description": null,
                "disable_autoneg": false,
                "duplex": "auto",
                "dynamic_usage": null,
                "esilag": null,
                "mtu": 1514,
                "no_local_overwrite": null,
                "poe_disabled": false,
                "speed": "auto",
                "usage": "evpn_downlink"
              }
            },
            "port_mirroring": null,
            "port_usages": null,
            "radius_config": null,
            "remote_syslog": null,
            "role": null,
            "router_id": null,
            "serial": "020004B87DBD",
            "site_id": "0bf6c132-5f2e-410c-abfe-dd48a70c7cf5",
            "snmp_config": null,
            "stp_config": null,
            "switch_mgmt": null,
            "type": "switch",
            "use_router_id_as_source_ip": false,
            "vars": null,
            "virtual_chassis": null,
            "vrf_config": null,
            "vrf_instances": null,
            "vrrp_config": null,
            "x": null,
            "y": null
          },
          "sensitive_attributes": [],
          "dependencies": [
            "mist_org_inventory.inventory"
          ]
        }
      ]
    },
    {
      "mode": "managed",
      "type": "mist_device_switch",
      "name": "switch_distri_02",
      "provider": "provider[\"registry.terraform.io/juniper/mist\"]",
      "instances": [
        {
          "schema_version": 0,
          "attributes": {
            "acl_policies": null,
            "acl_tags": null,
            "additional_config_cmds": null,
            "device_id": "00000000-0000-0000-1000-020004f4b1bd",
            "dhcp_snooping": null,
            "dhcpd_config": null,
            "disable_auto_config": false,
            "dns_servers": null,
            "dns_suffix": null,
            "evpn_config": null,
            "extra_routes": null,
            "extra_routes6": null,
            "image1_url": "",
            "image2_url": "",
            "image3_url": "",
            "ip_config": null,
            "local_port_config": null,
            "mac": "020004f4b1bd",
            "managed": true,
            "map_id": null,
            "mist_nac": null,
            "model": "VJUNOS",
            "name": "distri-02",
            "networks": null,
            "notes": null,
            "ntp_servers": null,
            "oob_ip_config": null,
            "org_id": "992bf4b9-c900-4850-9992-107b2f9df928",
            "ospf_areas": null,
            "other_ip_configs": null,
            "port_config": {
              "et-0/0/0,et-0/0/1": {
                "ae_disable_lacp": null,
                "ae_idx": null,
                "ae_lacp_slow": true,
                "aggregated": false,
                "critical": null,
                "description": null,
                "disable_autoneg": false,
                "duplex": "auto",
                "dynamic_usage": null,
                "esilag": null,
                "mtu": 1514,
                "no_local_overwrite": null,
                "poe_disabled": false,
                "speed": "auto",
                "usage": "evpn_uplink"
              },
              "et-0/0/2,et-0/0/3": {
                "ae_disable_lacp": null,
                "ae_idx": null,
                "ae_lacp_slow": true,
                "aggregated": false,
                "critical": null,
                "description": null,
                "disable_autoneg": false,
                "duplex": "auto",
                "dynamic_usage": null,
                "esilag": null,
                "mtu": 1514,
                "no_local_overwrite": null,
                "poe_disabled": false,
                "speed": "auto",
                "usage": "evpn_downlink"
              }
            },
            "port_mirroring": null,
            "port_usages": null,
            "radius_config": null,
            "remote_syslog": null,
            "role": null,
            "router_id": null,
            "serial": "020004F4B1BD",
            "site_id": "0bf6c132-5f2e-410c-abfe-dd48a70c7cf5",
            "snmp_config": null,
            "stp_config": null,
            "switch_mgmt": null,
            "type": "switch",
            "use_router_id_as_source_ip": false,
            "vars": null,
            "virtual_chassis": null,
            "vrf_config": null,
            "vrf_instances": null,
            "vrrp_config": null,
            "x": null,
            "y": null
          },
          "sensitive_attributes": [],
          "dependencies": [
            "mist_org_inventory.inventory"
          ]
        }
      ]
    },
    {
      "mode": "managed",
      "type": "mist_org_inventory",
      "name": "inventory",
      "provider": "provider[\"registry.terraform.io/juniper/mist\"]",
      "instances": [
        {
          "schema_version": 0,
          "attributes": {
            "devices": null,
            "inventory": {
              "0200044539d0": {
                "claim_code": "",
                "deviceprofile_id": "",
                "hostname": "0200044539d0",
                "id": "00000000-0000-0000-1000-0200044539d0",
                "mac": "0200044539d0",
                "model": "VJUNOS",
                "org_id": "992bf4b9-c900-4850-9992-107b2f9df928",
                "serial": "0200044539D0",
                "site_id": "0bf6c132-5f2e-410c-abfe-dd48a70c7cf5",
                "type": "switch",
                "unclaim_when_destroyed": false,
                "vc_mac": ""
              },
              "02000467ac7f": {
                "claim_code": "",
                "deviceprofile_id": "",
                "hostname": "02000467ac7f",
                "id": "00000000-0000-0000-1000-02000467ac7f",
                "mac": "02000467ac7f",
                "model": "VJUNOS",
                "org_id": "992bf4b9-c900-4850-9992-107b2f9df928",
                "serial": "02000467AC7F",
                "site_id": "0bf6c132-5f2e-410c-abfe-dd48a70c7cf5",
                "type": "switch",
                "unclaim_when_destroyed": false,
                "vc_mac": ""
              },
              "020004a5c06d": {
                "claim_code": "",
                "deviceprofile_id": "",
                "hostname": "020004a5c06d",
                "id": "00000000-0000-0000-1000-020004a5c06d",
                "mac": "020004a5c06d",
                "model": "VJUNOS",
                "org_id": "992bf4b9-c900-4850-9992-107b2f9df928",
                "serial": "020004A5C06D",
                "site_id": "0bf6c132-5f2e-410c-abfe-dd48a70c7cf5",
                "type": "switch",
                "unclaim_when_destroyed": false,
                "vc_mac": ""
              },
              "020004a6c1f7": {
                "claim_code": "",
                "deviceprofile_id": "",
                "hostname": "020004a6c1f7",
                "id": "00000000-0000-0000-1000-020004a6c1f7",
                "mac": "020004a6c1f7",
                "model": "VJUNOS",
                "org_id": "992bf4b9-c900-4850-9992-107b2f9df928",
                "serial": "020004A6C1F7",
                "site_id": "0bf6c132-5f2e-410c-abfe-dd48a70c7cf5",
                "type": "switch",
                "unclaim_when_destroyed": false,
                "vc_mac": ""
              },
              "020004b87dbd": {
                "claim_code": "",
                "deviceprofile_id": "",
                "hostname": "020004b87dbd",
                "id": "00000000-0000-0000-1000-020004b87dbd",
                "mac": "020004b87dbd",
                "model": "VJUNOS",
                "org_id": "992bf4b9-c900-4850-9992-107b2f9df928",
                "serial": "020004B87DBD",
                "site_id": "0bf6c132-5f2e-410c-abfe-dd48a70c7cf5",
                "type": "switch",
                "unclaim_when_destroyed": false,
                "vc_mac": ""
              },
              "020004f4b1bd": {
                "claim_code": "",
                "deviceprofile_id": "",
                "hostname": "020004f4b1bd",
                "id": "00000000-0000-0000-1000-020004f4b1bd",
                "mac": "020004f4b1bd",
                "model": "VJUNOS",
                "org_id": "992bf4b9-c900-4850-9992-107b2f9df928",
                "serial": "020004F4B1BD",
                "site_id": "0bf6c132-5f2e-410c-abfe-dd48a70c7cf5",
                "type": "switch",
                "unclaim_when_destroyed": false,
                "vc_mac": ""
              }
            },
            "org_id": "992bf4b9-c900-4850-9992-107b2f9df928"
          },
          "sensitive_attributes": []
        }
      ]
    },
    {
      "mode": "managed",
      "type": "mist_site_evpn_topology",
      "name": "ip_clos",
      "provider": "provider[\"registry.terraform.io/juniper/mist\"]",
      "instances": [
        {
          "schema_version": 0,
          "attributes": {
            "evpn_options": {
              "auto_loopback_subnet": "172.16.192.0/24",
              "auto_loopback_subnet6": "fd33:ab00:2::/64",
              "auto_router_id_subnet": "172.16.254.0/23",
              "auto_router_id_subnet6": null,
              "core_as_border": true,
              "overlay": {
                "as": 65000
              },
              "per_vlan_vga_v4_mac": false,
              "routed_at": "core",
              "underlay": {
                "as_base": 65001,
                "routed_id_prefix": null,
                "subnet": "10.255.240.0/20",
                "use_ipv6": false
              },
              "vs_instances": null
            },
            "id": "6b616a06-7d8b-40ad-afd4-cba7afca4f8a",
            "name": "evpn_one",
            "org_id": "00000000-0000-0000-0000-000000000000",
            "pod_names": null,
            "site_id": "0bf6c132-5f2e-410c-abfe-dd48a70c7cf5",
            "switches": {
              "0200044539d0": {
                "deviceprofile_id": null,
                "evpn_id": 5,
                "mac": "0200044539d0",
                "model": "VJUNOS",
                "pod": 1,
                "pods": [],
                "role": "access",
                "router_id": "172.16.254.5",
                "site_id": "0bf6c132-5f2e-410c-abfe-dd48a70c7cf5"
              },
              "02000467ac7f": {
                "deviceprofile_id": null,
                "evpn_id": 1,
                "mac": "02000467ac7f",
                "model": "VJUNOS",
                "pod": 1,
                "pods": [],
                "role": "core",
                "router_id": "172.16.254.1",
                "site_id": "0bf6c132-5f2e-410c-abfe-dd48a70c7cf5"
              },
              "020004a5c06d": {
                "deviceprofile_id": null,
                "evpn_id": 6,
                "mac": "020004a5c06d",
                "model": "VJUNOS",
                "pod": 1,
                "pods": [],
                "role": "access",
                "router_id": "172.16.254.6",
                "site_id": "0bf6c132-5f2e-410c-abfe-dd48a70c7cf5"
              },
              "020004a6c1f7": {
                "deviceprofile_id": null,
                "evpn_id": 2,
                "mac": "020004a6c1f7",
                "model": "VJUNOS",
                "pod": 1,
                "pods": [],
                "role": "core",
                "router_id": "172.16.254.2",
                "site_id": "0bf6c132-5f2e-410c-abfe-dd48a70c7cf5"
              },
              "020004b87dbd": {
                "deviceprofile_id": null,
                "evpn_id": 3,
                "mac": "020004b87dbd",
                "model": "VJUNOS",
                "pod": 1,
                "pods": [],
                "role": "distribution",
                "router_id": "172.16.254.3",
                "site_id": "0bf6c132-5f2e-410c-abfe-dd48a70c7cf5"
              },
              "020004f4b1bd": {
                "deviceprofile_id": null,
                "evpn_id": 4,
                "mac": "020004f4b1bd",
                "model": "VJUNOS",
                "pod": 1,
                "pods": [],
                "role": "distribution",
                "router_id": "172.16.254.4",
                "site_id": "0bf6c132-5f2e-410c-abfe-dd48a70c7cf5"
              }
            }
          },
          "sensitive_attributes": []
        }
      ]
    },
    {
      "mode": "managed",
      "type": "mist_site_networktemplate",
      "name": "site_evpn",
      "provider": "provider[\"registry.terraform.io/juniper/mist\"]",
      "instances": [
        {
          "schema_version": 0,
          "attributes": {
            "acl_policies": null,
            "acl_tags": null,
            "additional_config_cmds": null,
            "dhcp_snooping": null,
            "dns_servers": null,
            "dns_suffix": null,
            "extra_routes": null,
            "extra_routes6": null,
            "mist_nac": null,
            "networks": {
              "corp": {
                "isolation": false,
                "isolation_vlan_id": null,
                "subnet": "10.99.100.0/24",
                "vlan_id": "100"
              },
              "mgmt": {
                "isolation": false,
                "isolation_vlan_id": null,
                "subnet": "10.99.110.0/24",
                "vlan_id": "110"
              }
            },
            "ntp_servers": null,
            "ospf_areas": null,
            "port_mirroring": null,
            "port_usages": null,
            "radius_config": null,
            "remote_syslog": null,
            "remove_existing_configs": false,
            "site_id": "0bf6c132-5f2e-410c-abfe-dd48a70c7cf5",
            "snmp_config": null,
            "switch_matching": null,
            "switch_mgmt": null,
            "uplink_port_config": null,
            "vrf_config": null,
            "vrf_instances": {
              "evpn_vrf": {
                "extra_routes": {
                  "10.10.0.0/16": {
                    "via": "10.99.110.254"
                  }
                },
                "networks": [
                  "corp"
                ]
              }
            }
          },
          "sensitive_attributes": []
        }
      ]
    }
  ],
  "check_results": null
}
