{
  "version": 4,
  "terraform_version": "1.9.8",
  "serial": 331,
  "lineage": "4782de1c-6c2e-6a40-b585-850e5d44bd57",
  "outputs": {},
  "resources": [
    {
      "mode": "managed",
      "type": "mist_org_inventory",
      "name": "inventory",
      "provider": "provider[\"registry.terraform.io/juniper/mist\"]",
      "instances": [
        {
          "schema_version": 0,
          "attributes": {
            "devices": null,
            "inventory": {
              "0200044539d0": {
                "claim_code": "",
                "deviceprofile_id": "",
                "hostname": "",
                "id": "00000000-0000-0000-1000-0200044539d0",
                "mac": "0200044539d0",
                "model": "VJUNOS",
                "org_id": "992bf4b9-c900-4850-9992-107b2f9df928",
                "serial": "0200044539D0",
                "site_id": "0bf6c132-5f2e-410c-abfe-dd48a70c7cf5",
                "type": "switch",
                "unclaim_when_destroyed": false,
                "vc_mac": ""
              },
              "02000467ac7f": {
                "claim_code": "",
                "deviceprofile_id": "",
                "hostname": "",
                "id": "00000000-0000-0000-1000-02000467ac7f",
                "mac": "02000467ac7f",
                "model": "VJUNOS",
                "org_id": "992bf4b9-c900-4850-9992-107b2f9df928",
                "serial": "02000467AC7F",
                "site_id": "0bf6c132-5f2e-410c-abfe-dd48a70c7cf5",
                "type": "switch",
                "unclaim_when_destroyed": false,
                "vc_mac": ""
              },
              "020004a5c06d": {
                "claim_code": "",
                "deviceprofile_id": "",
                "hostname": "",
                "id": "00000000-0000-0000-1000-020004a5c06d",
                "mac": "020004a5c06d",
                "model": "VJUNOS",
                "org_id": "992bf4b9-c900-4850-9992-107b2f9df928",
                "serial": "020004A5C06D",
                "site_id": "0bf6c132-5f2e-410c-abfe-dd48a70c7cf5",
                "type": "switch",
                "unclaim_when_destroyed": false,
                "vc_mac": ""
              },
              "020004a6c1f7": {
                "claim_code": "",
                "deviceprofile_id": "",
                "hostname": "",
                "id": "00000000-0000-0000-1000-020004a6c1f7",
                "mac": "020004a6c1f7",
                "model": "VJUNOS",
                "org_id": "992bf4b9-c900-4850-9992-107b2f9df928",
                "serial": "020004A6C1F7",
                "site_id": "0bf6c132-5f2e-410c-abfe-dd48a70c7cf5",
                "type": "switch",
                "unclaim_when_destroyed": false,
                "vc_mac": ""
              },
              "020004b87dbd": {
                "claim_code": "",
                "deviceprofile_id": "",
                "hostname": "",
                "id": "00000000-0000-0000-1000-020004b87dbd",
                "mac": "020004b87dbd",
                "model": "VJUNOS",
                "org_id": "992bf4b9-c900-4850-9992-107b2f9df928",
                "serial": "020004B87DBD",
                "site_id": "0bf6c132-5f2e-410c-abfe-dd48a70c7cf5",
                "type": "switch",
                "unclaim_when_destroyed": false,
                "vc_mac": ""
              },
              "020004f4b1bd": {
                "claim_code": "",
                "deviceprofile_id": "",
                "hostname": "",
                "id": "00000000-0000-0000-1000-020004f4b1bd",
                "mac": "020004f4b1bd",
                "model": "VJUNOS",
                "org_id": "992bf4b9-c900-4850-9992-107b2f9df928",
                "serial": "020004F4B1BD",
                "site_id": "0bf6c132-5f2e-410c-abfe-dd48a70c7cf5",
                "type": "switch",
                "unclaim_when_destroyed": false,
                "vc_mac": ""
              }
            },
            "org_id": "992bf4b9-c900-4850-9992-107b2f9df928"
          },
          "sensitive_attributes": []
        }
      ]
    },
    {
      "mode": "managed",
      "type": "mist_site_networktemplate",
      "name": "site_evpn",
      "provider": "provider[\"registry.terraform.io/juniper/mist\"]",
      "instances": [
        {
          "schema_version": 0,
          "attributes": {
            "acl_policies": null,
            "acl_tags": null,
            "additional_config_cmds": null,
            "dhcp_snooping": null,
            "dns_servers": null,
            "dns_suffix": null,
            "extra_routes": null,
            "extra_routes6": null,
            "mist_nac": null,
            "networks": {
              "corp": {
                "isolation": false,
                "isolation_vlan_id": null,
                "subnet": "10.99.100.0/24",
                "vlan_id": "100"
              },
              "mgmt": {
                "isolation": false,
                "isolation_vlan_id": null,
                "subnet": "10.99.110.0/24",
                "vlan_id": "110"
              }
            },
            "ntp_servers": null,
            "ospf_areas": null,
            "port_mirroring": null,
            "port_usages": null,
            "radius_config": null,
            "remote_syslog": null,
            "remove_existing_configs": false,
            "site_id": "0bf6c132-5f2e-410c-abfe-dd48a70c7cf5",
            "snmp_config": null,
            "switch_matching": null,
            "switch_mgmt": null,
            "uplink_port_config": null,
            "vrf_config": null,
            "vrf_instances": {
              "evpn_vrf": {
                "extra_routes": {
                  "10.10.0.0/16": {
                    "via": "10.99.110.254"
                  }
                },
                "networks": [
                  "corp"
                ]
              }
            }
          },
          "sensitive_attributes": []
        }
      ]
    }
  ],
  "check_results": null
}
