{
  "version": 4,
  "terraform_version": "1.10.0",
  "serial": 250,
  "lineage": "bf98ab74-c740-90f7-f7c2-f0cfe858d490",
  "outputs": {},
  "resources": [
    {
      "mode": "managed",
      "type": "mist_device_switch",
      "name": "switch_access_01",
      "provider": "provider[\"registry.terraform.io/juniper/mist\"]",
      "instances": [
        {
          "schema_version": 0,
          "attributes": {
            "acl_policies": null,
            "acl_tags": null,
            "additional_config_cmds": null,
            "device_id": "00000000-0000-0000-1000-020004fd7d77",
            "dhcp_snooping": null,
            "dhcpd_config": null,
            "disable_auto_config": false,
            "dns_servers": null,
            "dns_suffix": null,
            "evpn_config": {
              "enabled": null,
              "role": "esilag-access"
            },
            "extra_routes": null,
            "extra_routes6": null,
            "image1_url": "not_present",
            "image2_url": "not_present",
            "image3_url": "not_present",
            "ip_config": null,
            "local_port_config": null,
            "mac": "020004fd7d77",
            "managed": true,
            "map_id": null,
            "mist_nac": null,
            "model": "VEX9214",
            "name": "access-01",
            "networks": null,
            "notes": null,
            "ntp_servers": null,
            "oob_ip_config": null,
            "org_id": "992bf4b9-c900-4850-9992-107b2f9df928",
            "ospf_areas": null,
            "other_ip_configs": null,
            "port_config": {
              "ge-0/0/1,ge-0/0/2": {
                "ae_disable_lacp": null,
                "ae_idx": 10,
                "ae_lacp_slow": null,
                "aggregated": true,
                "critical": null,
                "description": null,
                "disable_autoneg": false,
                "duplex": "auto",
                "dynamic_usage": null,
                "esilag": true,
                "mtu": 1514,
                "no_local_overwrite": null,
                "poe_disabled": false,
                "speed": "auto",
                "usage": "x-esilag"
              },
              "ge-0/0/3": {
                "ae_disable_lacp": null,
                "ae_idx": null,
                "ae_lacp_slow": null,
                "aggregated": false,
                "critical": null,
                "description": null,
                "disable_autoneg": false,
                "duplex": "auto",
                "dynamic_usage": null,
                "esilag": null,
                "mtu": 1514,
                "no_local_overwrite": null,
                "poe_disabled": false,
                "speed": "auto",
                "usage": "vlan1099"
              }
            },
            "port_mirroring": null,
            "port_usages": null,
            "radius_config": null,
            "remote_syslog": null,
            "role": null,
            "router_id": "",
            "serial": "020004FD7D77",
            "site_id": "0bf6c132-5f2e-410c-abfe-dd48a70c7cf5",
            "snmp_config": null,
            "stp_config": null,
            "switch_mgmt": null,
            "type": "switch",
            "use_router_id_as_source_ip": false,
            "vars": null,
            "virtual_chassis": null,
            "vrf_config": null,
            "vrf_instances": null,
            "vrrp_config": null,
            "x": null,
            "y": null
          },
          "sensitive_attributes": [],
          "dependencies": [
            "mist_org_inventory.inventory"
          ]
        }
      ]
    },
    {
      "mode": "managed",
      "type": "mist_device_switch",
      "name": "switch_access_02",
      "provider": "provider[\"registry.terraform.io/juniper/mist\"]",
      "instances": [
        {
          "schema_version": 0,
          "attributes": {
            "acl_policies": null,
            "acl_tags": null,
            "additional_config_cmds": null,
            "device_id": "00000000-0000-0000-1000-02000451ece4",
            "dhcp_snooping": null,
            "dhcpd_config": null,
            "disable_auto_config": false,
            "dns_servers": null,
            "dns_suffix": null,
            "evpn_config": {
              "enabled": null,
              "role": "esilag-access"
            },
            "extra_routes": null,
            "extra_routes6": null,
            "image1_url": "not_present",
            "image2_url": "not_present",
            "image3_url": "not_present",
            "ip_config": null,
            "local_port_config": null,
            "mac": "02000451ece4",
            "managed": true,
            "map_id": null,
            "mist_nac": null,
            "model": "VEX9214",
            "name": "access-02",
            "networks": null,
            "notes": null,
            "ntp_servers": null,
            "oob_ip_config": null,
            "org_id": "992bf4b9-c900-4850-9992-107b2f9df928",
            "ospf_areas": null,
            "other_ip_configs": null,
            "port_config": {
              "ge-0/0/1,ge-0/0/2": {
                "ae_disable_lacp": null,
                "ae_idx": 11,
                "ae_lacp_slow": null,
                "aggregated": true,
                "critical": null,
                "description": null,
                "disable_autoneg": false,
                "duplex": "auto",
                "dynamic_usage": null,
                "esilag": true,
                "mtu": 1514,
                "no_local_overwrite": null,
                "poe_disabled": false,
                "speed": "auto",
                "usage": "x-esilag"
              },
              "ge-0/0/3": {
                "ae_disable_lacp": null,
                "ae_idx": null,
                "ae_lacp_slow": null,
                "aggregated": false,
                "critical": null,
                "description": null,
                "disable_autoneg": false,
                "duplex": "auto",
                "dynamic_usage": null,
                "esilag": null,
                "mtu": 1514,
                "no_local_overwrite": null,
                "poe_disabled": false,
                "speed": "auto",
                "usage": "vlan1088"
              }
            },
            "port_mirroring": null,
            "port_usages": null,
            "radius_config": null,
            "remote_syslog": null,
            "role": null,
            "router_id": "",
            "serial": "02000451ECE4",
            "site_id": "0bf6c132-5f2e-410c-abfe-dd48a70c7cf5",
            "snmp_config": null,
            "stp_config": null,
            "switch_mgmt": null,
            "type": "switch",
            "use_router_id_as_source_ip": false,
            "vars": null,
            "virtual_chassis": null,
            "vrf_config": null,
            "vrf_instances": null,
            "vrrp_config": null,
            "x": null,
            "y": null
          },
          "sensitive_attributes": [],
          "dependencies": [
            "mist_org_inventory.inventory"
          ]
        }
      ]
    },
    {
      "mode": "managed",
      "type": "mist_device_switch",
      "name": "switch_core_01",
      "provider": "provider[\"registry.terraform.io/juniper/mist\"]",
      "instances": [
        {
          "schema_version": 0,
          "attributes": {
            "acl_policies": null,
            "acl_tags": null,
            "additional_config_cmds": null,
            "device_id": "00000000-0000-0000-1000-02000491a889",
            "dhcp_snooping": null,
            "dhcpd_config": null,
            "disable_auto_config": false,
            "dns_servers": null,
            "dns_suffix": null,
            "evpn_config": {
              "enabled": null,
              "role": "core"
            },
            "extra_routes": null,
            "extra_routes6": null,
            "image1_url": "not_present",
            "image2_url": "not_present",
            "image3_url": "not_present",
            "ip_config": null,
            "local_port_config": null,
            "mac": "02000491a889",
            "managed": true,
            "map_id": null,
            "mist_nac": null,
            "model": "VEX9214",
            "name": "core-01",
            "networks": null,
            "notes": null,
            "ntp_servers": null,
            "oob_ip_config": null,
            "org_id": "992bf4b9-c900-4850-9992-107b2f9df928",
            "ospf_areas": null,
            "other_ip_configs": {
              "vlan1033": {
                "evpn_anycast": true,
                "ip": "10.33.33.2",
                "ip6": null,
                "netmask": "255.255.255.0",
                "netmask6": null,
                "type": "static",
                "type6": "disabled"
              },
              "vlan1088": {
                "evpn_anycast": true,
                "ip": "10.88.88.2",
                "ip6": null,
                "netmask": "255.255.255.0",
                "netmask6": null,
                "type": "static",
                "type6": "disabled"
              },
              "vlan1099": {
                "evpn_anycast": true,
                "ip": "10.99.99.2",
                "ip6": null,
                "netmask": "255.255.255.0",
                "netmask6": null,
                "type": "static",
                "type6": "disabled"
              }
            },
            "port_config": {
              "ge-0/0/0": {
                "ae_disable_lacp": null,
                "ae_idx": 0,
                "ae_lacp_slow": null,
                "aggregated": true,
                "critical": null,
                "description": null,
                "disable_autoneg": false,
                "duplex": "auto",
                "dynamic_usage": null,
                "esilag": true,
                "mtu": 1514,
                "no_local_overwrite": null,
                "poe_disabled": false,
                "speed": "auto",
                "usage": "l2fabricexit"
              },
              "ge-0/0/2,ge-0/0/1": {
                "ae_disable_lacp": null,
                "ae_idx": null,
                "ae_lacp_slow": null,
                "aggregated": false,
                "critical": null,
                "description": null,
                "disable_autoneg": false,
                "duplex": "auto",
                "dynamic_usage": null,
                "esilag": null,
                "mtu": 1514,
                "no_local_overwrite": null,
                "poe_disabled": false,
                "speed": "auto",
                "usage": "evpn_downlink"
              }
            },
            "port_mirroring": null,
            "port_usages": null,
            "radius_config": null,
            "remote_syslog": null,
            "role": null,
            "router_id": "",
            "serial": "02000491A889",
            "site_id": "0bf6c132-5f2e-410c-abfe-dd48a70c7cf5",
            "snmp_config": null,
            "stp_config": null,
            "switch_mgmt": null,
            "type": "switch",
            "use_router_id_as_source_ip": false,
            "vars": null,
            "virtual_chassis": null,
            "vrf_config": {
              "enabled": true
            },
            "vrf_instances": null,
            "vrrp_config": null,
            "x": null,
            "y": null
          },
          "sensitive_attributes": [],
          "dependencies": [
            "mist_org_inventory.inventory"
          ]
        }
      ]
    },
    {
      "mode": "managed",
      "type": "mist_device_switch",
      "name": "switch_core_02",
      "provider": "provider[\"registry.terraform.io/juniper/mist\"]",
      "instances": [
        {
          "schema_version": 0,
          "attributes": {
            "acl_policies": null,
            "acl_tags": null,
            "additional_config_cmds": null,
            "device_id": "00000000-0000-0000-1000-02000462326f",
            "dhcp_snooping": null,
            "dhcpd_config": null,
            "disable_auto_config": false,
            "dns_servers": null,
            "dns_suffix": null,
            "evpn_config": {
              "enabled": null,
              "role": "core"
            },
            "extra_routes": null,
            "extra_routes6": null,
            "image1_url": "not_present",
            "image2_url": "not_present",
            "image3_url": "not_present",
            "ip_config": null,
            "local_port_config": null,
            "mac": "02000462326f",
            "managed": true,
            "map_id": null,
            "mist_nac": null,
            "model": "VEX9214",
            "name": "core-02",
            "networks": null,
            "notes": null,
            "ntp_servers": null,
            "oob_ip_config": null,
            "org_id": "992bf4b9-c900-4850-9992-107b2f9df928",
            "ospf_areas": null,
            "other_ip_configs": {
              "vlan1033": {
                "evpn_anycast": true,
                "ip": "10.33.33.3",
                "ip6": null,
                "netmask": "255.255.255.0",
                "netmask6": null,
                "type": "static",
                "type6": "disabled"
              },
              "vlan1088": {
                "evpn_anycast": true,
                "ip": "10.88.88.3",
                "ip6": null,
                "netmask": "255.255.255.0",
                "netmask6": null,
                "type": "static",
                "type6": "disabled"
              },
              "vlan1099": {
                "evpn_anycast": true,
                "ip": "10.99.99.3",
                "ip6": null,
                "netmask": "255.255.255.0",
                "netmask6": null,
                "type": "static",
                "type6": "disabled"
              }
            },
            "port_config": {
              "ge-0/0/0": {
                "ae_disable_lacp": null,
                "ae_idx": 0,
                "ae_lacp_slow": null,
                "aggregated": true,
                "critical": null,
                "description": null,
                "disable_autoneg": false,
                "duplex": "auto",
                "dynamic_usage": null,
                "esilag": true,
                "mtu": 1514,
                "no_local_overwrite": null,
                "poe_disabled": false,
                "speed": "auto",
                "usage": "l2fabricexit"
              },
              "ge-0/0/2,ge-0/0/1": {
                "ae_disable_lacp": null,
                "ae_idx": null,
                "ae_lacp_slow": null,
                "aggregated": false,
                "critical": null,
                "description": null,
                "disable_autoneg": false,
                "duplex": "auto",
                "dynamic_usage": null,
                "esilag": null,
                "mtu": 1514,
                "no_local_overwrite": null,
                "poe_disabled": false,
                "speed": "auto",
                "usage": "evpn_downlink"
              }
            },
            "port_mirroring": null,
            "port_usages": null,
            "radius_config": null,
            "remote_syslog": null,
            "role": null,
            "router_id": "",
            "serial": "02000462326F",
            "site_id": "0bf6c132-5f2e-410c-abfe-dd48a70c7cf5",
            "snmp_config": null,
            "stp_config": null,
            "switch_mgmt": null,
            "type": "switch",
            "use_router_id_as_source_ip": false,
            "vars": null,
            "virtual_chassis": null,
            "vrf_config": {
              "enabled": true
            },
            "vrf_instances": null,
            "vrrp_config": null,
            "x": null,
            "y": null
          },
          "sensitive_attributes": [],
          "dependencies": [
            "mist_org_inventory.inventory"
          ]
        }
      ]
    },
    {
      "mode": "managed",
      "type": "mist_device_switch",
      "name": "switch_distri_01",
      "provider": "provider[\"registry.terraform.io/juniper/mist\"]",
      "instances": [
        {
          "schema_version": 0,
          "attributes": {
            "acl_policies": null,
            "acl_tags": null,
            "additional_config_cmds": null,
            "device_id": "00000000-0000-0000-1000-0200046a83c6",
            "dhcp_snooping": null,
            "dhcpd_config": null,
            "disable_auto_config": false,
            "dns_servers": null,
            "dns_suffix": null,
            "evpn_config": {
              "enabled": null,
              "role": "distribution"
            },
            "extra_routes": null,
            "extra_routes6": null,
            "image1_url": "not_present",
            "image2_url": "not_present",
            "image3_url": "not_present",
            "ip_config": null,
            "local_port_config": null,
            "mac": "0200046a83c6",
            "managed": true,
            "map_id": null,
            "mist_nac": null,
            "model": "VEX9214",
            "name": "distri-01",
            "networks": null,
            "notes": null,
            "ntp_servers": null,
            "oob_ip_config": null,
            "org_id": "992bf4b9-c900-4850-9992-107b2f9df928",
            "ospf_areas": null,
            "other_ip_configs": null,
            "port_config": {
              "ge-0/0/1": {
                "ae_disable_lacp": null,
                "ae_idx": 10,
                "ae_lacp_slow": null,
                "aggregated": true,
                "critical": null,
                "description": null,
                "disable_autoneg": false,
                "duplex": "auto",
                "dynamic_usage": null,
                "esilag": true,
                "mtu": 1514,
                "no_local_overwrite": null,
                "poe_disabled": false,
                "speed": "auto",
                "usage": "x-esilag"
              },
              "ge-0/0/2": {
                "ae_disable_lacp": null,
                "ae_idx": 11,
                "ae_lacp_slow": null,
                "aggregated": true,
                "critical": null,
                "description": null,
                "disable_autoneg": false,
                "duplex": "auto",
                "dynamic_usage": null,
                "esilag": true,
                "mtu": 1514,
                "no_local_overwrite": null,
                "poe_disabled": false,
                "speed": "auto",
                "usage": "x-esilag"
              },
              "ge-0/0/3,ge-0/0/4": {
                "ae_disable_lacp": null,
                "ae_idx": null,
                "ae_lacp_slow": null,
                "aggregated": false,
                "critical": null,
                "description": null,
                "disable_autoneg": false,
                "duplex": "auto",
                "dynamic_usage": null,
                "esilag": null,
                "mtu": 1514,
                "no_local_overwrite": null,
                "poe_disabled": false,
                "speed": "auto",
                "usage": "evpn_uplink"
              }
            },
            "port_mirroring": null,
            "port_usages": null,
            "radius_config": null,
            "remote_syslog": null,
            "role": null,
            "router_id": "",
            "serial": "0200046A83C6",
            "site_id": "0bf6c132-5f2e-410c-abfe-dd48a70c7cf5",
            "snmp_config": null,
            "stp_config": null,
            "switch_mgmt": null,
            "type": "switch",
            "use_router_id_as_source_ip": false,
            "vars": null,
            "virtual_chassis": null,
            "vrf_config": null,
            "vrf_instances": null,
            "vrrp_config": null,
            "x": null,
            "y": null
          },
          "sensitive_attributes": [],
          "dependencies": [
            "mist_org_inventory.inventory"
          ]
        }
      ]
    },
    {
      "mode": "managed",
      "type": "mist_device_switch",
      "name": "switch_distri_02",
      "provider": "provider[\"registry.terraform.io/juniper/mist\"]",
      "instances": [
        {
          "schema_version": 0,
          "attributes": {
            "acl_policies": null,
            "acl_tags": null,
            "additional_config_cmds": null,
            "device_id": "00000000-0000-0000-1000-0200043191ae",
            "dhcp_snooping": null,
            "dhcpd_config": null,
            "disable_auto_config": false,
            "dns_servers": null,
            "dns_suffix": null,
            "evpn_config": {
              "enabled": null,
              "role": "distribution"
            },
            "extra_routes": null,
            "extra_routes6": null,
            "image1_url": "not_present",
            "image2_url": "not_present",
            "image3_url": "not_present",
            "ip_config": null,
            "local_port_config": null,
            "mac": "0200043191ae",
            "managed": true,
            "map_id": null,
            "mist_nac": null,
            "model": "VEX9214",
            "name": "distri-02",
            "networks": null,
            "notes": null,
            "ntp_servers": null,
            "oob_ip_config": null,
            "org_id": "992bf4b9-c900-4850-9992-107b2f9df928",
            "ospf_areas": null,
            "other_ip_configs": null,
            "port_config": {
              "ge-0/0/1": {
                "ae_disable_lacp": null,
                "ae_idx": 10,
                "ae_lacp_slow": null,
                "aggregated": true,
                "critical": null,
                "description": null,
                "disable_autoneg": false,
                "duplex": "auto",
                "dynamic_usage": null,
                "esilag": true,
                "mtu": 1514,
                "no_local_overwrite": null,
                "poe_disabled": false,
                "speed": "auto",
                "usage": "x-esilag"
              },
              "ge-0/0/2": {
                "ae_disable_lacp": null,
                "ae_idx": 11,
                "ae_lacp_slow": null,
                "aggregated": true,
                "critical": null,
                "description": null,
                "disable_autoneg": false,
                "duplex": "auto",
                "dynamic_usage": null,
                "esilag": true,
                "mtu": 1514,
                "no_local_overwrite": null,
                "poe_disabled": false,
                "speed": "auto",
                "usage": "x-esilag"
              },
              "ge-0/0/3,ge-0/0/4": {
                "ae_disable_lacp": null,
                "ae_idx": null,
                "ae_lacp_slow": null,
                "aggregated": false,
                "critical": null,
                "description": null,
                "disable_autoneg": false,
                "duplex": "auto",
                "dynamic_usage": null,
                "esilag": null,
                "mtu": 1514,
                "no_local_overwrite": null,
                "poe_disabled": false,
                "speed": "auto",
                "usage": "evpn_uplink"
              }
            },
            "port_mirroring": null,
            "port_usages": null,
            "radius_config": null,
            "remote_syslog": null,
            "role": null,
            "router_id": "",
            "serial": "0200043191AE",
            "site_id": "0bf6c132-5f2e-410c-abfe-dd48a70c7cf5",
            "snmp_config": null,
            "stp_config": null,
            "switch_mgmt": null,
            "type": "switch",
            "use_router_id_as_source_ip": false,
            "vars": null,
            "virtual_chassis": null,
            "vrf_config": null,
            "vrf_instances": null,
            "vrrp_config": null,
            "x": null,
            "y": null
          },
          "sensitive_attributes": [],
          "dependencies": [
            "mist_org_inventory.inventory"
          ]
        }
      ]
    },
    {
      "mode": "managed",
      "type": "mist_org_inventory",
      "name": "inventory",
      "provider": "provider[\"registry.terraform.io/juniper/mist\"]",
      "instances": [
        {
          "schema_version": 0,
          "attributes": {
            "devices": null,
            "inventory": {
              "0200043191ae": {
                "claim_code": "",
                "deviceprofile_id": "",
                "hostname": "distri-02",
                "id": "00000000-0000-0000-1000-0200043191ae",
                "mac": "0200043191ae",
                "model": "VEX9214",
                "org_id": "992bf4b9-c900-4850-9992-107b2f9df928",
                "serial": "0200043191AE",
                "site_id": "0bf6c132-5f2e-410c-abfe-dd48a70c7cf5",
                "type": "switch",
                "unclaim_when_destroyed": false,
                "vc_mac": ""
              },
              "02000451ece4": {
                "claim_code": "",
                "deviceprofile_id": "",
                "hostname": "access-02",
                "id": "00000000-0000-0000-1000-02000451ece4",
                "mac": "02000451ece4",
                "model": "VEX9214",
                "org_id": "992bf4b9-c900-4850-9992-107b2f9df928",
                "serial": "02000451ECE4",
                "site_id": "0bf6c132-5f2e-410c-abfe-dd48a70c7cf5",
                "type": "switch",
                "unclaim_when_destroyed": false,
                "vc_mac": ""
              },
              "02000462326f": {
                "claim_code": "",
                "deviceprofile_id": "",
                "hostname": "core-02",
                "id": "00000000-0000-0000-1000-02000462326f",
                "mac": "02000462326f",
                "model": "VEX9214",
                "org_id": "992bf4b9-c900-4850-9992-107b2f9df928",
                "serial": "02000462326F",
                "site_id": "0bf6c132-5f2e-410c-abfe-dd48a70c7cf5",
                "type": "switch",
                "unclaim_when_destroyed": false,
                "vc_mac": ""
              },
              "0200046a83c6": {
                "claim_code": "",
                "deviceprofile_id": "",
                "hostname": "distri-01",
                "id": "00000000-0000-0000-1000-0200046a83c6",
                "mac": "0200046a83c6",
                "model": "VEX9214",
                "org_id": "992bf4b9-c900-4850-9992-107b2f9df928",
                "serial": "0200046A83C6",
                "site_id": "0bf6c132-5f2e-410c-abfe-dd48a70c7cf5",
                "type": "switch",
                "unclaim_when_destroyed": false,
                "vc_mac": ""
              },
              "02000491a889": {
                "claim_code": "",
                "deviceprofile_id": "",
                "hostname": "core-01",
                "id": "00000000-0000-0000-1000-02000491a889",
                "mac": "02000491a889",
                "model": "VEX9214",
                "org_id": "992bf4b9-c900-4850-9992-107b2f9df928",
                "serial": "02000491A889",
                "site_id": "0bf6c132-5f2e-410c-abfe-dd48a70c7cf5",
                "type": "switch",
                "unclaim_when_destroyed": false,
                "vc_mac": ""
              },
              "020004fd7d77": {
                "claim_code": "",
                "deviceprofile_id": "",
                "hostname": "access-01",
                "id": "00000000-0000-0000-1000-020004fd7d77",
                "mac": "020004fd7d77",
                "model": "VEX9214",
                "org_id": "992bf4b9-c900-4850-9992-107b2f9df928",
                "serial": "020004FD7D77",
                "site_id": "0bf6c132-5f2e-410c-abfe-dd48a70c7cf5",
                "type": "switch",
                "unclaim_when_destroyed": false,
                "vc_mac": ""
              }
            },
            "org_id": "992bf4b9-c900-4850-9992-107b2f9df928"
          },
          "sensitive_attributes": []
        }
      ]
    },
    {
      "mode": "managed",
      "type": "mist_site_evpn_topology",
      "name": "code_distri",
      "provider": "provider[\"registry.terraform.io/juniper/mist\"]",
      "instances": [
        {
          "schema_version": 0,
          "attributes": {
            "evpn_options": {
              "auto_loopback_subnet": "172.16.192.0/24",
              "auto_loopback_subnet6": "fd33:ab00:2::/64",
              "auto_router_id_subnet": "172.16.254.0/23",
              "auto_router_id_subnet6": null,
              "core_as_border": true,
              "overlay": {
                "as": 65000
              },
              "per_vlan_vga_v4_mac": true,
              "routed_at": "core",
              "underlay": {
                "as_base": 65001,
                "routed_id_prefix": null,
                "subnet": "10.255.240.0/20",
                "use_ipv6": false
              },
              "vs_instances": null
            },
            "id": "695a6a57-157e-4718-a985-d7ab500b4497",
            "name": "evpn_one",
            "org_id": "00000000-0000-0000-0000-000000000000",
            "pod_names": {
              "1": "Pod 1"
            },
            "site_id": "0bf6c132-5f2e-410c-abfe-dd48a70c7cf5",
            "switches": {
              "0200043191ae": {
                "deviceprofile_id": null,
                "evpn_id": 3,
                "mac": "0200043191ae",
                "model": "VEX9214",
                "pod": 1,
                "pods": [],
                "role": "distribution",
                "router_id": "172.16.254.3",
                "site_id": "0bf6c132-5f2e-410c-abfe-dd48a70c7cf5"
              },
              "02000451ece4": {
                "deviceprofile_id": null,
                "evpn_id": 5,
                "mac": "02000451ece4",
                "model": "VEX9214",
                "pod": 1,
                "pods": [],
                "role": "esilag-access",
                "router_id": null,
                "site_id": "0bf6c132-5f2e-410c-abfe-dd48a70c7cf5"
              },
              "02000462326f": {
                "deviceprofile_id": null,
                "evpn_id": 1,
                "mac": "02000462326f",
                "model": "VEX9214",
                "pod": 1,
                "pods": [],
                "role": "core",
                "router_id": "172.16.254.1",
                "site_id": "0bf6c132-5f2e-410c-abfe-dd48a70c7cf5"
              },
              "0200046a83c6": {
                "deviceprofile_id": null,
                "evpn_id": 4,
                "mac": "0200046a83c6",
                "model": "VEX9214",
                "pod": 1,
                "pods": [],
                "role": "distribution",
                "router_id": "172.16.254.4",
                "site_id": "0bf6c132-5f2e-410c-abfe-dd48a70c7cf5"
              },
              "02000491a889": {
                "deviceprofile_id": null,
                "evpn_id": 2,
                "mac": "02000491a889",
                "model": "VEX9214",
                "pod": 1,
                "pods": [],
                "role": "core",
                "router_id": "172.16.254.2",
                "site_id": "0bf6c132-5f2e-410c-abfe-dd48a70c7cf5"
              },
              "020004fd7d77": {
                "deviceprofile_id": null,
                "evpn_id": 6,
                "mac": "020004fd7d77",
                "model": "VEX9214",
                "pod": 1,
                "pods": [],
                "role": "esilag-access",
                "router_id": null,
                "site_id": "0bf6c132-5f2e-410c-abfe-dd48a70c7cf5"
              }
            }
          },
          "sensitive_attributes": []
        }
      ]
    },
    {
      "mode": "managed",
      "type": "mist_site_networktemplate",
      "name": "site_evpn",
      "provider": "provider[\"registry.terraform.io/juniper/mist\"]",
      "instances": [
        {
          "schema_version": 0,
          "attributes": {
            "acl_policies": null,
            "acl_tags": null,
            "additional_config_cmds": null,
            "dhcp_snooping": null,
            "disabled_system_defined_port_usages": null,
            "dns_servers": null,
            "dns_suffix": null,
            "extra_routes": null,
            "extra_routes6": null,
            "mist_nac": null,
            "networks": {
              "vlan1033": {
                "gateway": "10.33.33.1",
                "gateway6": null,
                "isolation": false,
                "isolation_vlan_id": null,
                "subnet": "10.33.33.0/24",
                "subnet6": null,
                "vlan_id": "1033"
              },
              "vlan1088": {
                "gateway": "10.88.88.1",
                "gateway6": null,
                "isolation": false,
                "isolation_vlan_id": null,
                "subnet": "10.88.88.0/24",
                "subnet6": null,
                "vlan_id": "1088"
              },
              "vlan1099": {
                "gateway": "10.99.99.1",
                "gateway6": null,
                "isolation": false,
                "isolation_vlan_id": null,
                "subnet": "10.99.99.0/24",
                "subnet6": null,
                "vlan_id": "1099"
              }
            },
            "ntp_servers": null,
            "ospf_areas": null,
            "port_mirroring": null,
            "port_usages": {
              "l2fabricexit": {
                "all_networks": false,
                "allow_dhcpd": null,
                "allow_multiple_supplicants": false,
                "bypass_auth_when_server_down": false,
                "bypass_auth_when_server_down_for_unkonwn_client": false,
                "description": null,
                "disable_autoneg": false,
                "disabled": false,
                "duplex": "auto",
                "dynamic_vlan_networks": [],
                "enable_mac_auth": false,
                "enable_qos": false,
                "guest_network": null,
                "inter_switch_link": false,
                "mac_auth_only": null,
                "mac_auth_preferred": null,
                "mac_auth_protocol": "eap-md5",
                "mac_limit": 0,
                "mode": "trunk",
                "mtu": 9018,
                "networks": [
                  "vlan1099",
                  "vlan1088",
                  "vlan1033"
                ],
                "persist_mac": false,
                "poe_disabled": false,
                "port_auth": null,
                "port_network": null,
                "reauth_interval": 3600,
                "reset_default_when": "link_down",
                "rules": null,
                "server_fail_network": null,
                "server_reject_network": null,
                "speed": "auto",
                "storm_control": null,
                "stp_edge": false,
                "stp_no_root_port": false,
                "stp_p2p": false,
                "ui_evpntopo_id": null,
                "use_vstp": false,
                "voip_network": null
              },
              "vlan1033": {
                "all_networks": false,
                "allow_dhcpd": null,
                "allow_multiple_supplicants": false,
                "bypass_auth_when_server_down": false,
                "bypass_auth_when_server_down_for_unkonwn_client": false,
                "description": null,
                "disable_autoneg": false,
                "disabled": false,
                "duplex": "auto",
                "dynamic_vlan_networks": [],
                "enable_mac_auth": false,
                "enable_qos": false,
                "guest_network": null,
                "inter_switch_link": false,
                "mac_auth_only": null,
                "mac_auth_preferred": null,
                "mac_auth_protocol": "eap-md5",
                "mac_limit": 0,
                "mode": "access",
                "mtu": null,
                "networks": [],
                "persist_mac": false,
                "poe_disabled": false,
                "port_auth": null,
                "port_network": "vlan1033",
                "reauth_interval": 3600,
                "reset_default_when": "link_down",
                "rules": null,
                "server_fail_network": null,
                "server_reject_network": null,
                "speed": "auto",
                "storm_control": null,
                "stp_edge": false,
                "stp_no_root_port": false,
                "stp_p2p": false,
                "ui_evpntopo_id": null,
                "use_vstp": false,
                "voip_network": null
              },
              "vlan1088": {
                "all_networks": false,
                "allow_dhcpd": null,
                "allow_multiple_supplicants": false,
                "bypass_auth_when_server_down": false,
                "bypass_auth_when_server_down_for_unkonwn_client": false,
                "description": null,
                "disable_autoneg": false,
                "disabled": false,
                "duplex": "auto",
                "dynamic_vlan_networks": [],
                "enable_mac_auth": false,
                "enable_qos": false,
                "guest_network": null,
                "inter_switch_link": false,
                "mac_auth_only": null,
                "mac_auth_preferred": null,
                "mac_auth_protocol": "eap-md5",
                "mac_limit": 0,
                "mode": "access",
                "mtu": null,
                "networks": [],
                "persist_mac": false,
                "poe_disabled": false,
                "port_auth": null,
                "port_network": "vlan1088",
                "reauth_interval": 3600,
                "reset_default_when": "link_down",
                "rules": null,
                "server_fail_network": null,
                "server_reject_network": null,
                "speed": "auto",
                "storm_control": null,
                "stp_edge": false,
                "stp_no_root_port": false,
                "stp_p2p": false,
                "ui_evpntopo_id": null,
                "use_vstp": false,
                "voip_network": null
              },
              "vlan1099": {
                "all_networks": false,
                "allow_dhcpd": null,
                "allow_multiple_supplicants": false,
                "bypass_auth_when_server_down": false,
                "bypass_auth_when_server_down_for_unkonwn_client": false,
                "description": null,
                "disable_autoneg": false,
                "disabled": false,
                "duplex": "auto",
                "dynamic_vlan_networks": [],
                "enable_mac_auth": false,
                "enable_qos": false,
                "guest_network": null,
                "inter_switch_link": false,
                "mac_auth_only": null,
                "mac_auth_preferred": null,
                "mac_auth_protocol": "eap-md5",
                "mac_limit": 0,
                "mode": "access",
                "mtu": null,
                "networks": [],
                "persist_mac": false,
                "poe_disabled": false,
                "port_auth": null,
                "port_network": "vlan1099",
                "reauth_interval": 3600,
                "reset_default_when": "link_down",
                "rules": null,
                "server_fail_network": null,
                "server_reject_network": null,
                "speed": "auto",
                "storm_control": null,
                "stp_edge": false,
                "stp_no_root_port": false,
                "stp_p2p": false,
                "ui_evpntopo_id": null,
                "use_vstp": false,
                "voip_network": null
              },
              "x-esilag": {
                "all_networks": false,
                "allow_dhcpd": null,
                "allow_multiple_supplicants": false,
                "bypass_auth_when_server_down": false,
                "bypass_auth_when_server_down_for_unkonwn_client": false,
                "description": null,
                "disable_autoneg": false,
                "disabled": false,
                "duplex": "auto",
                "dynamic_vlan_networks": [],
                "enable_mac_auth": false,
                "enable_qos": false,
                "guest_network": null,
                "inter_switch_link": false,
                "mac_auth_only": null,
                "mac_auth_preferred": null,
                "mac_auth_protocol": "eap-md5",
                "mac_limit": 0,
                "mode": "trunk",
                "mtu": 9100,
                "networks": [
                  "vlan1099",
                  "vlan1088",
                  "vlan1033"
                ],
                "persist_mac": false,
                "poe_disabled": true,
                "port_auth": null,
                "port_network": null,
                "reauth_interval": 3600,
                "reset_default_when": "link_down",
                "rules": null,
                "server_fail_network": null,
                "server_reject_network": null,
                "speed": "auto",
                "storm_control": null,
                "stp_edge": false,
                "stp_no_root_port": false,
                "stp_p2p": false,
                "ui_evpntopo_id": "695a6a57-157e-4718-a985-d7ab500b4497",
                "use_vstp": false,
                "voip_network": null
              }
            },
            "radius_config": null,
            "remote_syslog": null,
            "remove_existing_configs": false,
            "site_id": "0bf6c132-5f2e-410c-abfe-dd48a70c7cf5",
            "snmp_config": null,
            "switch_matching": null,
            "switch_mgmt": null,
            "vrf_config": null,
            "vrf_instances": {
              "customera": {
                "extra_routes": {
                  "0.0.0.0/0": {
                    "via": "10.99.99.254"
                  }
                },
                "networks": [
                  "vlan1099"
                ]
              },
              "customerb": {
                "extra_routes": {
                  "0.0.0.0/0": {
                    "via": "10.88.88.254"
                  }
                },
                "networks": [
                  "vlan1088"
                ]
              },
              "devices": {
                "extra_routes": {
                  "0.0.0.0/0": {
                    "via": "10.33.33.254"
                  }
                },
                "networks": [
                  "vlan1033"
                ]
              }
            }
          },
          "sensitive_attributes": [],
          "dependencies": [
            "mist_site_evpn_topology.code_distri"
          ]
        }
      ]
    }
  ],
  "check_results": null
}
