{
  "version": 4,
  "terraform_version": "1.10.3",
  "serial": 8253,
  "lineage": "20532229-881e-4371-f1fd-11d081e97e25",
  "outputs": {},
  "resources": [
    {
      "mode": "data",
      "type": "mist_org_nacidp_metadata",
      "name": "idp_azure",
      "provider": "provider[\"registry.terraform.io/juniper/mist\"]",
      "instances": [
        {
          "schema_version": 0,
          "attributes": {
            "acs_url": null,
            "entity_id": null,
            "logout_url": null,
            "metadata": null,
            "nacidp_id": "52e4bd4b-872c-4592-9a56-5c46f53b1fb1",
            "org_id": "992bf4b9-c900-4850-9992-107b2f9df928"
          },
          "sensitive_attributes": []
        }
      ]
    },
    {
      "mode": "managed",
      "type": "mist_device_ap",
      "name": "test_ap",
      "provider": "provider[\"registry.terraform.io/juniper/mist\"]",
      "instances": [
        {
          "schema_version": 0,
          "attributes": {
            "aeroscout": null,
            "ble_config": null,
            "centrak": null,
            "client_bridge": null,
            "device_id": "00000000-0000-0000-1000-003e7316ff9e",
            "disable_eth1": false,
            "disable_eth2": false,
            "disable_eth3": false,
            "disable_module": false,
            "esl_config": null,
            "height": null,
            "image1_url": "not_present",
            "image2_url": "not_present",
            "image3_url": "not_present",
            "ip_config": null,
            "led": null,
            "locked": null,
            "mac": "003e7316ff9e",
            "map_id": null,
            "mesh": null,
            "model": "AP24",
            "name": "test_ap",
            "notes": null,
            "ntp_servers": null,
            "org_id": "992bf4b9-c900-4850-9992-107b2f9df928",
            "orientation": null,
            "poe_passthrough": false,
            "pwr_config": null,
            "radio_config": null,
            "serial": "A192923060671",
            "site_id": "eb44b2dd-88ff-4468-b6c9-3ab39cbaff62",
            "type": "ap",
            "uplink_port_config": null,
            "usb_config": null,
            "vars": null,
            "x": null,
            "y": null
          },
          "sensitive_attributes": [],
          "dependencies": [
            "mist_org.terraform_test",
            "mist_org_inventory.inventory",
            "mist_site.terraform_site"
          ]
        }
      ]
    },
    {
      "mode": "managed",
      "type": "mist_device_gateway",
      "name": "cluster_one",
      "provider": "provider[\"registry.terraform.io/juniper/mist\"]",
      "instances": [
        {
          "schema_version": 0,
          "attributes": {
            "additional_config_cmds": null,
            "bgp_config": {
              "test": {
                "auth_key": "secret",
                "bfd_minimum_interval": 4,
                "bfd_multiplier": 3,
                "disable_bfd": false,
                "export": null,
                "export_policy": null,
                "extended_v4_nexthop": null,
                "graceful_restart_time": 0,
                "hold_time": 90,
                "import": null,
                "import_policy": null,
                "local_as": null,
                "neighbor_as": null,
                "neighbors": null,
                "networks": [],
                "no_readvertise_to_overlay": false,
                "tunnel_name": null,
                "type": null,
                "via": "lan",
                "vpn_name": null,
                "wan_name": null
              }
            },
            "device_id": "00000000-0000-0000-1000-4c9614ae1500",
            "dhcpd_config": {
              "config": {
                "CORE_VLAN410": {
                  "dns_servers": [
                    "8.8.8.8"
                  ],
                  "dns_suffix": [
                    "mycorp.local"
                  ],
                  "fixed_bindings": {
                    "deadbeefdead": {
                      "ip": "10.4.171.11",
                      "name": "c0ffee"
                    }
                  },
                  "gateway": "10.4.171.1",
                  "ip_end": "10.4.171.100",
                  "ip_end6": null,
                  "ip_start": "10.4.171.10",
                  "ip_start6": null,
                  "lease_time": 5463,
                  "options": {
                    "42": {
                      "type": "string",
                      "value": "2.2.2.2"
                    }
                  },
                  "server_id_override": false,
                  "servers": [],
                  "servers6": [],
                  "type": "local",
                  "type6": "none",
                  "vendor_encapsulated": null
                },
                "RESTRICTED_VLAN420": {
                  "dns_servers": [],
                  "dns_suffix": [],
                  "fixed_bindings": null,
                  "gateway": null,
                  "ip_end": null,
                  "ip_end6": null,
                  "ip_start": null,
                  "ip_start6": null,
                  "lease_time": 86400,
                  "options": null,
                  "server_id_override": false,
                  "servers": [
                    "1.2.3.4"
                  ],
                  "servers6": [],
                  "type": "relay",
                  "type6": "none",
                  "vendor_encapsulated": null
                },
                "test": {
                  "dns_servers": [],
                  "dns_suffix": [],
                  "fixed_bindings": null,
                  "gateway": null,
                  "ip_end": null,
                  "ip_end6": null,
                  "ip_start": null,
                  "ip_start6": null,
                  "lease_time": 86400,
                  "options": null,
                  "server_id_override": false,
                  "servers": [],
                  "servers6": [],
                  "type": "local",
                  "type6": "none",
                  "vendor_encapsulated": null
                }
              },
              "enabled": true
            },
            "dns_servers": null,
            "dns_suffix": null,
            "extra_routes": null,
            "extra_routes6": null,
            "idp_profiles": null,
            "image1_url": "not_present",
            "image2_url": "not_present",
            "image3_url": "not_present",
            "ip_configs": {
              "AUTOMATION_VLAN460": {
                "ip": "10.6.171.1",
                "netmask": "/24",
                "secondary_ips": [],
                "type": "static"
              },
              "CORE_VLAN410": {
                "ip": "10.4.171.1",
                "netmask": "/24",
                "secondary_ips": [],
                "type": "static"
              },
              "MANAGEMENT_VLAN430": {
                "ip": "10.8.171.1",
                "netmask": "/24",
                "secondary_ips": [],
                "type": "static"
              },
              "RESTRICTED_VLAN420": {
                "ip": "10.5.171.1",
                "netmask": "/24",
                "secondary_ips": [],
                "type": "static"
              },
              "UNTRUSTED_VLAN490": {
                "ip": "10.7.171.1",
                "netmask": "/24",
                "secondary_ips": [],
                "type": "static"
              }
            },
            "mac": "4c9614ae1500",
            "managed": true,
            "map_id": null,
            "model": "VSRX3",
            "msp_id": null,
            "name": "cluster_one",
            "networks": null,
            "notes": null,
            "ntp_servers": null,
            "oob_ip_config": {
              "gateway": null,
              "ip": null,
              "netmask": null,
              "node1": {
                "gateway": null,
                "ip": null,
                "netmask": null,
                "type": "dhcp",
                "use_mgmt_vrf": null,
                "use_mgmt_vrf_for_host_out": null,
                "vlan_id": null
              },
              "type": "dhcp",
              "use_mgmt_vrf": null,
              "use_mgmt_vrf_for_host_out": null,
              "vlan_id": null
            },
            "org_id": "992bf4b9-c900-4850-9992-107b2f9df928",
            "path_preferences": {
              "HUB": {
                "paths": [
                  {
                    "cost": null,
                    "disabled": null,
                    "gateway_ip": null,
                    "internet_access": null,
                    "name": "FTTH",
                    "networks": [],
                    "target_ips": [],
                    "type": "wan",
                    "wan_name": null
                  }
                ],
                "strategy": "ordered"
              }
            },
            "port_config": {
              "ge-0/0/3": {
                "ae_disable_lacp": false,
                "ae_idx": null,
                "ae_lacp_force_up": false,
                "aggregated": false,
                "critical": false,
                "description": null,
                "disable_autoneg": false,
                "disabled": false,
                "dsl_type": "vdsl",
                "dsl_vci": 35,
                "dsl_vpi": 0,
                "duplex": "auto",
                "ip_config": {
                  "dns": null,
                  "dns_suffix": null,
                  "gateway": "192.168.1.1",
                  "ip": "192.168.1.8",
                  "netmask": "/24",
                  "network": null,
                  "poser_password": null,
                  "pppoe_auth": "none",
                  "pppoe_username": null,
                  "type": "static"
                },
                "lte_apn": null,
                "lte_auth": "none",
                "lte_backup": null,
                "lte_password": null,
                "lte_username": null,
                "mtu": null,
                "name": "FTTH",
                "networks": [],
                "outer_vlan_id": null,
                "poe_disabled": false,
                "port_network": null,
                "preserve_dscp": true,
                "redundant": false,
                "reth_idx": null,
                "reth_node": null,
                "reth_nodes": [],
                "speed": "auto",
                "ssr_no_virtual_mac": false,
                "svr_port_range": "none",
                "traffic_shaping": null,
                "usage": "wan",
                "vlan_id": null,
                "vpn_paths": null,
                "wan_arp_policer": "default",
                "wan_ext_ip": null,
                "wan_extra_routes": null,
                "wan_networks": [],
                "wan_probe_override": null,
                "wan_source_nat": {
                  "disabled": false,
                  "nat_pool": null
                },
                "wan_type": "broadband"
              },
              "ge-0/0/7,ge-5/0/7": {
                "ae_disable_lacp": false,
                "ae_idx": null,
                "ae_lacp_force_up": false,
                "aggregated": false,
                "critical": false,
                "description": null,
                "disable_autoneg": false,
                "disabled": false,
                "dsl_type": "vdsl",
                "dsl_vci": 35,
                "dsl_vpi": 0,
                "duplex": "auto",
                "ip_config": null,
                "lte_apn": null,
                "lte_auth": "none",
                "lte_backup": null,
                "lte_password": null,
                "lte_username": null,
                "mtu": null,
                "name": null,
                "networks": [
                  "CORE_VLAN410",
                  "RESTRICTED_VLAN420",
                  "AUTOMATION_VLAN460",
                  "UNTRUSTED_VLAN490",
                  "MANAGEMENT_VLAN430"
                ],
                "outer_vlan_id": null,
                "poe_disabled": false,
                "port_network": null,
                "preserve_dscp": true,
                "redundant": true,
                "reth_idx": 3,
                "reth_node": "node0",
                "reth_nodes": [],
                "speed": "auto",
                "ssr_no_virtual_mac": false,
                "svr_port_range": "none",
                "traffic_shaping": null,
                "usage": "lan",
                "vlan_id": null,
                "vpn_paths": null,
                "wan_arp_policer": "default",
                "wan_ext_ip": null,
                "wan_extra_routes": null,
                "wan_networks": [],
                "wan_probe_override": null,
                "wan_source_nat": null,
                "wan_type": "broadband"
              }
            },
            "port_mirroring": null,
            "router_id": null,
            "routing_policies": null,
            "serial": "8BA0FCC20F0D",
            "service_policies": [
              {
                "action": "allow",
                "appqoe": null,
                "ewf": null,
                "idp": {
                  "alert_only": false,
                  "enabled": true,
                  "idpprofile_id": null,
                  "profile": "critical"
                },
                "local_routing": null,
                "name": "Policy-14",
                "path_preference": "HUB",
                "servicepolicy_id": null,
                "services": [
                  "any"
                ],
                "tenants": [
                  "MANAGEMENT_VLAN430"
                ]
              },
              {
                "action": "allow",
                "appqoe": null,
                "ewf": null,
                "idp": {
                  "alert_only": false,
                  "enabled": true,
                  "idpprofile_id": "d216d90c-8648-450f-b7df-d51f19a4d4c1",
                  "profile": "Custom"
                },
                "local_routing": null,
                "name": "Policy-15",
                "path_preference": "HUB",
                "servicepolicy_id": null,
                "services": [
                  "any"
                ],
                "tenants": [
                  "MANAGEMENT_VLAN430"
                ]
              },
              {
                "action": null,
                "appqoe": null,
                "ewf": null,
                "idp": null,
                "local_routing": null,
                "name": null,
                "path_preference": "HUB",
                "servicepolicy_id": "38d16960-f7e4-4d62-96df-7a4dfdf3987d",
                "services": [],
                "tenants": []
              }
            ],
            "site_id": "eb44b2dd-88ff-4468-b6c9-3ab39cbaff62",
            "tunnel_configs": {
              "J1": {
                "auto_provision": {
                  "enable": null,
                  "latlng": null,
                  "primary": {
                    "probe_ips": [
                      "8.8.8.8"
                    ],
                    "wan_names": [
                      "FTTH"
                    ]
                  },
                  "provider": "jse-ipsec",
                  "region": null,
                  "secondary": {
                    "probe_ips": [
                      "8.8.8.8"
                    ],
                    "wan_names": [
                      "FTTH"
                    ]
                  }
                },
                "ike_lifetime": null,
                "ike_mode": "main",
                "ike_proposals": null,
                "ipsec_lifetime": null,
                "ipsec_proposals": null,
                "local_id": null,
                "mode": "active-standby",
                "networks": [],
                "primary": null,
                "probe": null,
                "protocol": null,
                "provider": null,
                "psk": null,
                "secondary": null,
                "version": "2"
              }
            },
            "tunnel_provider_options": {
              "jse": {
                "num_users": 10,
                "org_name": "test"
              },
              "zscaler": null
            },
            "type": "gateway",
            "vars": null,
            "vrf_config": {
              "enabled": true
            },
            "vrf_instances": {
              "VRF_ONE": {
                "networks": [
                  "CORE_VLAN410",
                  "RESTRICTED_VLAN420"
                ]
              }
            },
            "x": null,
            "y": null
          },
          "sensitive_attributes": [
            [
              {
                "type": "get_attr",
                "value": "tunnel_configs"
              },
              {
                "type": "index",
                "value": {
                  "value": "J1",
                  "type": "string"
                }
              },
              {
                "type": "get_attr",
                "value": "psk"
              }
            ],
            [
              {
                "type": "get_attr",
                "value": "port_config"
              },
              {
                "type": "index",
                "value": {
                  "value": "ge-0/0/3",
                  "type": "string"
                }
              },
              {
                "type": "get_attr",
                "value": "lte_password"
              }
            ],
            [
              {
                "type": "get_attr",
                "value": "port_config"
              },
              {
                "type": "index",
                "value": {
                  "value": "ge-0/0/3",
                  "type": "string"
                }
              },
              {
                "type": "get_attr",
                "value": "ip_config"
              },
              {
                "type": "get_attr",
                "value": "poser_password"
              }
            ],
            [
              {
                "type": "get_attr",
                "value": "port_config"
              },
              {
                "type": "index",
                "value": {
                  "value": "ge-0/0/7,ge-5/0/7",
                  "type": "string"
                }
              },
              {
                "type": "get_attr",
                "value": "lte_password"
              }
            ]
          ],
          "dependencies": [
            "mist_device_gateway_cluster.cluster_one",
            "mist_org.terraform_test",
            "mist_org_idpprofile.test1",
            "mist_org_inventory.inventory",
            "mist_org_servicepolicy.test1",
            "mist_site.terraform_site"
          ]
        }
      ]
    },
    {
      "mode": "managed",
      "type": "mist_device_gateway",
      "name": "cluster_two",
      "provider": "provider[\"registry.terraform.io/juniper/mist\"]",
      "instances": [
        {
          "schema_version": 0,
          "attributes": {
            "additional_config_cmds": null,
            "bgp_config": null,
            "device_id": "00000000-0000-0000-1000-e8a24550e732",
            "dhcpd_config": {
              "config": {
                "CORE_VLAN410": {
                  "dns_servers": [
                    "8.8.8.8"
                  ],
                  "dns_suffix": [
                    "mycorp.local"
                  ],
                  "fixed_bindings": {
                    "deadbeefdead": {
                      "ip": "10.4.171.11",
                      "name": "c0ffee"
                    }
                  },
                  "gateway": "10.4.171.1",
                  "ip_end": "10.4.171.100",
                  "ip_end6": null,
                  "ip_start": "10.4.171.10",
                  "ip_start6": null,
                  "lease_time": 5463,
                  "options": {
                    "42": {
                      "type": "string",
                      "value": "2.2.2.2"
                    }
                  },
                  "server_id_override": false,
                  "servers": [],
                  "servers6": [],
                  "type": "local",
                  "type6": "none",
                  "vendor_encapsulated": null
                },
                "RESTRICTED_VLAN420": {
                  "dns_servers": [],
                  "dns_suffix": [],
                  "fixed_bindings": null,
                  "gateway": null,
                  "ip_end": null,
                  "ip_end6": null,
                  "ip_start": null,
                  "ip_start6": null,
                  "lease_time": 86400,
                  "options": null,
                  "server_id_override": false,
                  "servers": [
                    "1.2.3.4"
                  ],
                  "servers6": [],
                  "type": "relay",
                  "type6": "none",
                  "vendor_encapsulated": null
                }
              },
              "enabled": true
            },
            "dns_servers": [
              "8.8.8.8"
            ],
            "dns_suffix": null,
            "extra_routes": null,
            "extra_routes6": null,
            "idp_profiles": null,
            "image1_url": "not_present",
            "image2_url": "not_present",
            "image3_url": "not_present",
            "ip_configs": {
              "AUTOMATION_VLAN460": {
                "ip": "10.6.171.1",
                "netmask": "/24",
                "secondary_ips": [],
                "type": "static"
              },
              "CORE_VLAN410": {
                "ip": "10.4.171.1",
                "netmask": "/24",
                "secondary_ips": [],
                "type": "static"
              },
              "MANAGEMENT_VLAN430": {
                "ip": "10.8.171.1",
                "netmask": "/24",
                "secondary_ips": [],
                "type": "static"
              },
              "RESTRICTED_VLAN420": {
                "ip": "10.5.171.1",
                "netmask": "/24",
                "secondary_ips": [],
                "type": "static"
              },
              "UNTRUSTED_VLAN490": {
                "ip": "10.7.171.1",
                "netmask": "/24",
                "secondary_ips": [],
                "type": "static"
              }
            },
            "mac": "e8a24550e732",
            "managed": true,
            "map_id": null,
            "model": "SRX320",
            "msp_id": null,
            "name": "cluster_two",
            "networks": null,
            "notes": null,
            "ntp_servers": null,
            "oob_ip_config": {
              "gateway": null,
              "ip": null,
              "netmask": null,
              "node1": {
                "gateway": null,
                "ip": null,
                "netmask": null,
                "type": "dhcp",
                "use_mgmt_vrf": null,
                "use_mgmt_vrf_for_host_out": null,
                "vlan_id": null
              },
              "type": "dhcp",
              "use_mgmt_vrf": null,
              "use_mgmt_vrf_for_host_out": null,
              "vlan_id": null
            },
            "org_id": "992bf4b9-c900-4850-9992-107b2f9df928",
            "path_preferences": {
              "HUB": {
                "paths": [
                  {
                    "cost": null,
                    "disabled": null,
                    "gateway_ip": null,
                    "internet_access": null,
                    "name": "WAN0",
                    "networks": [],
                    "target_ips": [],
                    "type": "wan",
                    "wan_name": null
                  }
                ],
                "strategy": "ordered"
              }
            },
            "port_config": {
              "ge-0/0/3,ge-3/0/3": {
                "ae_disable_lacp": false,
                "ae_idx": null,
                "ae_lacp_force_up": false,
                "aggregated": false,
                "critical": false,
                "description": null,
                "disable_autoneg": false,
                "disabled": false,
                "dsl_type": "vdsl",
                "dsl_vci": 35,
                "dsl_vpi": 0,
                "duplex": "auto",
                "ip_config": null,
                "lte_apn": null,
                "lte_auth": "none",
                "lte_backup": null,
                "lte_password": null,
                "lte_username": null,
                "mtu": null,
                "name": null,
                "networks": [
                  "CORE_VLAN410",
                  "RESTRICTED_VLAN420",
                  "AUTOMATION_VLAN460",
                  "UNTRUSTED_VLAN490",
                  "MANAGEMENT_VLAN430"
                ],
                "outer_vlan_id": null,
                "poe_disabled": false,
                "port_network": null,
                "preserve_dscp": true,
                "redundant": true,
                "reth_idx": 3,
                "reth_node": "node0",
                "reth_nodes": [],
                "speed": "auto",
                "ssr_no_virtual_mac": false,
                "svr_port_range": "none",
                "traffic_shaping": null,
                "usage": "lan",
                "vlan_id": null,
                "vpn_paths": null,
                "wan_arp_policer": "default",
                "wan_ext_ip": null,
                "wan_extra_routes": null,
                "wan_networks": [],
                "wan_probe_override": null,
                "wan_source_nat": null,
                "wan_type": "broadband"
              },
              "ge-0/0/7,ge-3/0/7": {
                "ae_disable_lacp": false,
                "ae_idx": null,
                "ae_lacp_force_up": false,
                "aggregated": false,
                "critical": false,
                "description": null,
                "disable_autoneg": false,
                "disabled": false,
                "dsl_type": "vdsl",
                "dsl_vci": 35,
                "dsl_vpi": 0,
                "duplex": "auto",
                "ip_config": {
                  "dns": null,
                  "dns_suffix": null,
                  "gateway": null,
                  "ip": null,
                  "netmask": null,
                  "network": null,
                  "poser_password": null,
                  "pppoe_auth": "none",
                  "pppoe_username": null,
                  "type": "dhcp"
                },
                "lte_apn": null,
                "lte_auth": "none",
                "lte_backup": null,
                "lte_password": null,
                "lte_username": null,
                "mtu": null,
                "name": "WAN0",
                "networks": [],
                "outer_vlan_id": null,
                "poe_disabled": false,
                "port_network": null,
                "preserve_dscp": true,
                "redundant": true,
                "reth_idx": null,
                "reth_node": null,
                "reth_nodes": [],
                "speed": "auto",
                "ssr_no_virtual_mac": false,
                "svr_port_range": "none",
                "traffic_shaping": null,
                "usage": "wan",
                "vlan_id": null,
                "vpn_paths": null,
                "wan_arp_policer": "default",
                "wan_ext_ip": null,
                "wan_extra_routes": null,
                "wan_networks": [],
                "wan_probe_override": null,
                "wan_source_nat": {
                  "disabled": false,
                  "nat_pool": null
                },
                "wan_type": "broadband"
              }
            },
            "port_mirroring": null,
            "router_id": null,
            "routing_policies": null,
            "serial": "CW2720AF0433",
            "service_policies": [
              {
                "action": "allow",
                "appqoe": null,
                "ewf": null,
                "idp": {
                  "alert_only": false,
                  "enabled": true,
                  "idpprofile_id": null,
                  "profile": "critical"
                },
                "local_routing": null,
                "name": "Policy-14",
                "path_preference": "HUB",
                "servicepolicy_id": null,
                "services": [
                  "any"
                ],
                "tenants": [
                  "MANAGEMENT_VLAN430"
                ]
              },
              {
                "action": "allow",
                "appqoe": null,
                "ewf": null,
                "idp": {
                  "alert_only": false,
                  "enabled": true,
                  "idpprofile_id": "d216d90c-8648-450f-b7df-d51f19a4d4c1",
                  "profile": "Custom"
                },
                "local_routing": null,
                "name": "Policy-15",
                "path_preference": "HUB",
                "servicepolicy_id": null,
                "services": [
                  "any"
                ],
                "tenants": [
                  "MANAGEMENT_VLAN430"
                ]
              },
              {
                "action": null,
                "appqoe": null,
                "ewf": null,
                "idp": null,
                "local_routing": null,
                "name": null,
                "path_preference": "HUB",
                "servicepolicy_id": "38d16960-f7e4-4d62-96df-7a4dfdf3987d",
                "services": [],
                "tenants": []
              }
            ],
            "site_id": "eb44b2dd-88ff-4468-b6c9-3ab39cbaff62",
            "tunnel_configs": {
              "default": {
                "auto_provision": null,
                "ike_lifetime": 28811,
                "ike_mode": "main",
                "ike_proposals": [
                  {
                    "auth_algo": "sha2",
                    "dh_group": "19",
                    "enc_algo": "aes256"
                  }
                ],
                "ipsec_lifetime": 3600,
                "ipsec_proposals": [
                  {
                    "auth_algo": "sha2",
                    "dh_group": "19",
                    "enc_algo": "aes256"
                  }
                ],
                "local_id": "1.2.3.4",
                "mode": "active-standby",
                "networks": [],
                "primary": {
                  "hosts": [
                    "192.0.2.1"
                  ],
                  "internal_ips": null,
                  "probe_ips": null,
                  "remote_ids": [
                    "192.0.2.2"
                  ],
                  "wan_names": [
                    "WAN0"
                  ]
                },
                "probe": null,
                "protocol": "ipsec",
                "provider": "custom-ipsec",
                "psk": "my-secret",
                "secondary": null,
                "version": "2"
              }
            },
            "tunnel_provider_options": null,
            "type": "gateway",
            "vars": null,
            "vrf_config": {
              "enabled": true
            },
            "vrf_instances": {
              "VRF_ONE": {
                "networks": [
                  "CORE_VLAN410",
                  "RESTRICTED_VLAN420"
                ]
              }
            },
            "x": null,
            "y": null
          },
          "sensitive_attributes": [
            [
              {
                "type": "get_attr",
                "value": "tunnel_configs"
              },
              {
                "type": "index",
                "value": {
                  "value": "default",
                  "type": "string"
                }
              },
              {
                "type": "get_attr",
                "value": "psk"
              }
            ],
            [
              {
                "type": "get_attr",
                "value": "port_config"
              },
              {
                "type": "index",
                "value": {
                  "value": "ge-0/0/3,ge-3/0/3",
                  "type": "string"
                }
              },
              {
                "type": "get_attr",
                "value": "lte_password"
              }
            ],
            [
              {
                "type": "get_attr",
                "value": "port_config"
              },
              {
                "type": "index",
                "value": {
                  "value": "ge-0/0/7,ge-3/0/7",
                  "type": "string"
                }
              },
              {
                "type": "get_attr",
                "value": "lte_password"
              }
            ],
            [
              {
                "type": "get_attr",
                "value": "port_config"
              },
              {
                "type": "index",
                "value": {
                  "value": "ge-0/0/7,ge-3/0/7",
                  "type": "string"
                }
              },
              {
                "type": "get_attr",
                "value": "ip_config"
              },
              {
                "type": "get_attr",
                "value": "poser_password"
              }
            ]
          ],
          "dependencies": [
            "mist_device_gateway_cluster.cluster_two",
            "mist_org.terraform_test",
            "mist_org_idpprofile.test1",
            "mist_org_inventory.inventory",
            "mist_org_servicepolicy.test1",
            "mist_site.terraform_site"
          ]
        }
      ]
    },
    {
      "mode": "managed",
      "type": "mist_device_gateway_cluster",
      "name": "cluster_one",
      "provider": "provider[\"registry.terraform.io/juniper/mist\"]",
      "instances": [
        {
          "schema_version": 0,
          "attributes": {
            "id": "00000000-0000-0000-1000-4c9614ae1500",
            "nodes": [
              {
                "mac": "4c9614ae1500"
              },
              {
                "mac": "4c9614f32f00"
              }
            ],
            "site_id": "eb44b2dd-88ff-4468-b6c9-3ab39cbaff62"
          },
          "sensitive_attributes": [],
          "dependencies": [
            "mist_org.terraform_test",
            "mist_org_inventory.inventory",
            "mist_site.terraform_site"
          ]
        }
      ]
    },
    {
      "mode": "managed",
      "type": "mist_device_gateway_cluster",
      "name": "cluster_two",
      "provider": "provider[\"registry.terraform.io/juniper/mist\"]",
      "instances": [
        {
          "schema_version": 0,
          "attributes": {
            "id": "00000000-0000-0000-1000-e8a24550e732",
            "nodes": [
              {
                "mac": "e8a24550e732"
              },
              {
                "mac": "e8a24551cdb2"
              }
            ],
            "site_id": "eb44b2dd-88ff-4468-b6c9-3ab39cbaff62"
          },
          "sensitive_attributes": [],
          "dependencies": [
            "mist_org.terraform_test",
            "mist_org_inventory.inventory",
            "mist_site.terraform_site"
          ]
        }
      ]
    },
    {
      "mode": "managed",
      "type": "mist_device_switch",
      "name": "test_switch",
      "provider": "provider[\"registry.terraform.io/juniper/mist\"]",
      "instances": [
        {
          "schema_version": 0,
          "attributes": {
            "acl_policies": null,
            "acl_tags": null,
            "additional_config_cmds": [
              "set groups top system proxy password \"$9$VpsgajHmFnCq.pBIEeK4aZUDin6Ctu136eW\"",
              "",
              "annotate system \" -- custom-auth -- Template level --\"",
              "delete apply-groups custom-auth",
              "delete groups custom-auth",
              "set groups custom-auth",
              "set groups custom-auth  system login user tmunzer class super-user",
              "set groups custom-auth  system login user tmunzer authentication ssh-rsa \"ssh-rsa AAAAB3NzaC1yc2EAAAADAQABAAACAQCxk1CXmrc/wNlzuelQoBgEdnA3Mq8r05UhXgBUwqFdcbwkEmgYnciQWXYeFdA+UwR3SWX4VtyeenQi/S9pSOjvoZQ5OYBWNqak+AWjXXzX7sO8cf59TSDDN2lybdH6kWbvRKYzMbfpZvwluYwQX7ftN/D4/iS7288i5knaMVklhDJGdcuh6Xlve6PueZ5ov2twPzpplPVdWOCqgaCMhvVplG3oNTvBpeJ6BCXzhgJdkFNinFehPnvUR6MRwdjD/MvS1r+yrggHGQzJ57VEDsw2qH8wRaUUn0+Nd5hMYO4vamfintlm5hEAW9+my6HKNzBmd/TMeLctKUOg/q4Bc9TfYB51HEghHZ1i3ClJ6nE/1M6Ev9B+YwBJpeRaieWHbOHWrmMKM5rnYpX+uShPobvHKC8Z5HU5UkAtWvRyXVqbeeVv7xlGDTKnm0UQtzv9UDR/BN3VSnh8JKGLeiPDRZ0oDdgqK1ijxXBCFKb6FXAUiORUQLtI/7dmV4YxK4oS+ZRU/uxCCNDx6R90o08RFDFpWNBPY1yj332T/6JnA7nzlAYdQ1s1hzgzamZoEZuO/a+NObV9gQbJC13ZtZEWKXSLHPvEsORc5nb7hN76RNI7yKnAWNy5Zj2aaPlTGofbdr9M8+Tez4wldmYB/k86M4lENv5fZRx9A6VmfXFDoSI33w== tmunzer@stag.one\"",
              "set apply-groups custom-auth"
            ],
            "device_id": "00000000-0000-0000-1000-2c21311c37b0",
            "dhcp_snooping": null,
            "dhcpd_config": {
              "config": {
                "prx": {
                  "dns_servers": [
                    "1.2.3.4"
                  ],
                  "dns_suffix": [],
                  "fixed_bindings": null,
                  "gateway": "10.3.18.1",
                  "ip_end": "10.3.18.20",
                  "ip_end6": null,
                  "ip_start": "10.3.18.10",
                  "ip_start6": null,
                  "lease_time": 86400,
                  "options": null,
                  "server_id_override": false,
                  "servers": [],
                  "servers6": [],
                  "type": "server",
                  "type6": "none",
                  "vendor_encapsulated": null
                }
              },
              "enabled": true
            },
            "disable_auto_config": false,
            "dns_servers": null,
            "dns_suffix": null,
            "extra_routes": null,
            "extra_routes6": null,
            "image1_url": "not_present",
            "image2_url": "not_present",
            "image3_url": "not_present",
            "ip_config": {
              "dns": [
                "1.2.3.4"
              ],
              "dns_suffix": [],
              "gateway": "10.3.18.11",
              "ip": "10.3.18.99",
              "netmask": "255.255.255.0",
              "network": "prx",
              "type": "static"
            },
            "local_port_config": null,
            "mac": "2c21311c37b0",
            "managed": true,
            "map_id": null,
            "mist_nac": {
              "enabled": true,
              "network": null
            },
            "model": "EX2300-C-12P",
            "name": "demo-ex",
            "networks": {
              "prx": {
                "gateway": null,
                "gateway6": null,
                "isolation": false,
                "isolation_vlan_id": null,
                "subnet": null,
                "subnet6": null,
                "vlan_id": "18"
              }
            },
            "notes": null,
            "ntp_servers": null,
            "oob_ip_config": {
              "gateway": null,
              "ip": null,
              "netmask": null,
              "network": null,
              "type": "dhcp",
              "use_mgmt_vrf": false,
              "use_mgmt_vrf_for_host_out": null
            },
            "org_id": "992bf4b9-c900-4850-9992-107b2f9df928",
            "ospf_areas": {
              "0": {
                "include_loopback": false,
                "networks": {
                  "prx": {
                    "auth_keys": {},
                    "auth_password": "hpihpi",
                    "auth_type": "password",
                    "bfd_minimum_interval": 1,
                    "dead_interval": 40,
                    "export_policy": null,
                    "hello_interval": 10,
                    "import_policy": null,
                    "interface_type": "p2p",
                    "metric": 1,
                    "no_readvertise_to_overlay": false,
                    "passive": false
                  }
                },
                "type": "default"
              }
            },
            "other_ip_configs": null,
            "port_config": {
              "ge-0/0/0": {
                "ae_disable_lacp": null,
                "ae_idx": null,
                "ae_lacp_slow": null,
                "aggregated": false,
                "critical": false,
                "description": "",
                "disable_autoneg": false,
                "duplex": "auto",
                "dynamic_usage": null,
                "esilag": null,
                "mtu": 1514,
                "no_local_overwrite": true,
                "poe_disabled": false,
                "speed": "auto",
                "usage": "prx"
              },
              "ge-0/0/10": {
                "ae_disable_lacp": null,
                "ae_idx": null,
                "ae_lacp_slow": null,
                "aggregated": false,
                "critical": null,
                "description": null,
                "disable_autoneg": false,
                "duplex": "auto",
                "dynamic_usage": null,
                "esilag": null,
                "mtu": 1514,
                "no_local_overwrite": false,
                "poe_disabled": false,
                "speed": "100m",
                "usage": "autogenerated_ge-0_0_10"
              },
              "ge-0/0/11": {
                "ae_disable_lacp": null,
                "ae_idx": null,
                "ae_lacp_slow": null,
                "aggregated": false,
                "critical": false,
                "description": "",
                "disable_autoneg": false,
                "duplex": "auto",
                "dynamic_usage": null,
                "esilag": null,
                "mtu": 1514,
                "no_local_overwrite": false,
                "poe_disabled": false,
                "speed": "auto",
                "usage": "default"
              }
            },
            "port_mirroring": {
              "test": {
                "input_networks_ingress": [],
                "input_port_ids_egress": [
                  "ge-0/0/3"
                ],
                "input_port_ids_ingress": [
                  "ge-0/0/3"
                ],
                "output_network": null,
                "output_port_id": "ge-0/0/10"
              },
              "test2": {
                "input_networks_ingress": [
                  "default"
                ],
                "input_port_ids_egress": [],
                "input_port_ids_ingress": [],
                "output_network": "prx",
                "output_port_id": null
              },
              "test3": {
                "input_networks_ingress": [
                  "default"
                ],
                "input_port_ids_egress": [],
                "input_port_ids_ingress": [],
                "output_network": null,
                "output_port_id": "ge-0/0/10"
              }
            },
            "port_usages": {
              "autogenerated_ge-0_0_10": {
                "all_networks": false,
                "allow_dhcpd": null,
                "allow_multiple_supplicants": false,
                "bypass_auth_when_server_down": false,
                "bypass_auth_when_server_down_for_unkonwn_client": false,
                "description": null,
                "disable_autoneg": false,
                "disabled": false,
                "duplex": "auto",
                "dynamic_vlan_networks": [],
                "enable_mac_auth": false,
                "enable_qos": false,
                "guest_network": null,
                "inter_switch_link": false,
                "mac_auth_only": null,
                "mac_auth_preferred": null,
                "mac_auth_protocol": "eap-md5",
                "mac_limit": 0,
                "mode": "trunk",
                "mtu": null,
                "networks": [
                  "default",
                  "prx"
                ],
                "persist_mac": false,
                "poe_disabled": false,
                "port_auth": null,
                "port_network": "prx",
                "reauth_interval": 3600,
                "reset_default_when": "link_down",
                "rules": null,
                "server_fail_network": null,
                "server_reject_network": null,
                "speed": "auto",
                "storm_control": null,
                "stp_edge": false,
                "stp_no_root_port": false,
                "stp_p2p": false,
                "use_vstp": false,
                "voip_network": null
              },
              "autogenerated_ge-0_0_11": {
                "all_networks": false,
                "allow_dhcpd": null,
                "allow_multiple_supplicants": false,
                "bypass_auth_when_server_down": false,
                "bypass_auth_when_server_down_for_unkonwn_client": false,
                "description": null,
                "disable_autoneg": false,
                "disabled": false,
                "duplex": "auto",
                "dynamic_vlan_networks": [],
                "enable_mac_auth": false,
                "enable_qos": false,
                "guest_network": null,
                "inter_switch_link": false,
                "mac_auth_only": null,
                "mac_auth_preferred": null,
                "mac_auth_protocol": "eap-md5",
                "mac_limit": 0,
                "mode": "trunk",
                "mtu": null,
                "networks": [
                  "default",
                  "prx"
                ],
                "persist_mac": false,
                "poe_disabled": false,
                "port_auth": null,
                "port_network": "prx",
                "reauth_interval": 3600,
                "reset_default_when": "link_down",
                "rules": null,
                "server_fail_network": null,
                "server_reject_network": null,
                "speed": "auto",
                "storm_control": null,
                "stp_edge": false,
                "stp_no_root_port": false,
                "stp_p2p": false,
                "use_vstp": false,
                "voip_network": null
              },
              "prx": {
                "all_networks": false,
                "allow_dhcpd": null,
                "allow_multiple_supplicants": false,
                "bypass_auth_when_server_down": false,
                "bypass_auth_when_server_down_for_unkonwn_client": false,
                "description": "",
                "disable_autoneg": false,
                "disabled": false,
                "duplex": "auto",
                "dynamic_vlan_networks": [],
                "enable_mac_auth": false,
                "enable_qos": false,
                "guest_network": null,
                "inter_switch_link": false,
                "mac_auth_only": null,
                "mac_auth_preferred": null,
                "mac_auth_protocol": "eap-md5",
                "mac_limit": 0,
                "mode": "trunk",
                "mtu": null,
                "networks": [
                  "default",
                  "prx"
                ],
                "persist_mac": false,
                "poe_disabled": false,
                "port_auth": null,
                "port_network": "default",
                "reauth_interval": 3600,
                "reset_default_when": "link_down",
                "rules": null,
                "server_fail_network": null,
                "server_reject_network": null,
                "speed": "auto",
                "storm_control": {
                  "no_broadcast": false,
                  "no_multicast": false,
                  "no_registered_multicast": false,
                  "no_unknown_unicast": false,
                  "percentage": 80
                },
                "stp_edge": false,
                "stp_no_root_port": false,
                "stp_p2p": false,
                "use_vstp": false,
                "voip_network": null
              }
            },
            "radius_config": null,
            "remote_syslog": null,
            "role": "test2",
            "router_id": "1.2.3.4",
            "serial": "HV0216410081",
            "site_id": "eb44b2dd-88ff-4468-b6c9-3ab39cbaff62",
            "snmp_config": null,
            "stp_config": null,
            "switch_mgmt": null,
            "type": "switch",
            "use_router_id_as_source_ip": false,
            "vars": null,
            "virtual_chassis": null,
            "vrf_config": {
              "enabled": true
            },
            "vrf_instances": {
              "fds": {
                "networks": [
                  "prx"
                ],
                "vrf_extra_routes": null
              }
            },
            "vrrp_config": null,
            "x": null,
            "y": null
          },
          "sensitive_attributes": [],
          "dependencies": [
            "mist_org.terraform_test",
            "mist_org_inventory.inventory",
            "mist_site.terraform_site"
          ]
        }
      ]
    },
    {
      "mode": "managed",
      "type": "mist_org",
      "name": "terraform_test",
      "provider": "provider[\"registry.terraform.io/juniper/mist\"]",
      "instances": [
        {
          "schema_version": 0,
          "attributes": {
            "alarmtemplate_id": null,
            "allow_mist": true,
            "id": "992bf4b9-c900-4850-9992-107b2f9df928",
            "msp_id": null,
            "msp_logo_url": null,
            "msp_name": null,
            "name": "Terraform Testing",
            "orggroup_ids": [],
            "session_expiry": 1440
          },
          "sensitive_attributes": []
        }
      ]
    },
    {
      "mode": "managed",
      "type": "mist_org_alarmtemplate",
      "name": "alarmtemplate_one",
      "provider": "provider[\"registry.terraform.io/juniper/mist\"]",
      "instances": [
        {
          "schema_version": 0,
          "attributes": {
            "delivery": {
              "additional_emails": [
                "tmunzer@juniper.net"
              ],
              "enabled": true,
              "to_org_admins": true,
              "to_site_admins": null
            },
            "id": "08b67405-5bbe-4373-9ca1-a11af1d01c6f",
            "name": "alarmtemplate_one",
            "org_id": "992bf4b9-c900-4850-9992-107b2f9df928",
            "rules": {
              "adhoc_network": {
                "delivery": null,
                "enabled": true
              },
              "air_magnet_scan": {
                "delivery": null,
                "enabled": true
              },
              "ap_bad_cable": {
                "delivery": null,
                "enabled": true
              },
              "ap_offline": {
                "delivery": null,
                "enabled": true
              },
              "arp_failure": {
                "delivery": null,
                "enabled": true
              },
              "authentication_failure": {
                "delivery": null,
                "enabled": true
              },
              "bad_cable": {
                "delivery": null,
                "enabled": true
              },
              "bad_wan_uplink": {
                "delivery": null,
                "enabled": true
              },
              "beacon_flood": {
                "delivery": null,
                "enabled": true
              },
              "bssid_spoofing": {
                "delivery": null,
                "enabled": true
              },
              "cellular_edge_connected_to_ncm": {
                "delivery": null,
                "enabled": true
              },
              "cellular_edge_disconnected_from_ncm": {
                "delivery": null,
                "enabled": true
              },
              "cellular_edge_ethernet_wan_connected": {
                "delivery": null,
                "enabled": true
              },
              "cellular_edge_ethernet_wan_disconnected": {
                "delivery": null,
                "enabled": true
              },
              "cellular_edge_ethernet_wan_plugged": {
                "delivery": null,
                "enabled": true
              },
              "cellular_edge_ethernet_wan_unplugged": {
                "delivery": null,
                "enabled": true
              },
              "cellular_edge_firmware_upgraded": {
                "delivery": null,
                "enabled": true
              },
              "cellular_edge_login_failed": {
                "delivery": null,
                "enabled": true
              },
              "cellular_edge_login_succeeded": {
                "delivery": null,
                "enabled": true
              },
              "cellular_edge_modem_wan_connected": {
                "delivery": null,
                "enabled": true
              },
              "cellular_edge_modem_wan_disconnected": {
                "delivery": null,
                "enabled": true
              },
              "cellular_edge_rebooted": {
                "delivery": null,
                "enabled": true
              },
              "cellular_edge_sim_door_closed": {
                "delivery": null,
                "enabled": true
              },
              "cellular_edge_sim_door_opened": {
                "delivery": null,
                "enabled": true
              },
              "cellular_edge_wan_service_type_changed": {
                "delivery": null,
                "enabled": true
              },
              "device_down": {
                "delivery": null,
                "enabled": true
              },
              "device_reconnected": {
                "delivery": null,
                "enabled": true
              },
              "device_restarted": {
                "delivery": null,
                "enabled": true
              },
              "dhcp_failure": {
                "delivery": {
                  "additional_emails": [],
                  "enabled": true,
                  "to_org_admins": null,
                  "to_site_admins": null
                },
                "enabled": true
              },
              "disassociation_flood": {
                "delivery": null,
                "enabled": true
              },
              "dns_failure": {
                "delivery": null,
                "enabled": true
              },
              "eap_dictionary_attack": {
                "delivery": null,
                "enabled": true
              },
              "eap_failure_injection": {
                "delivery": null,
                "enabled": true
              },
              "eap_handshake_flood": {
                "delivery": null,
                "enabled": true
              },
              "eap_spoofed_success": {
                "delivery": null,
                "enabled": true
              },
              "eapol_logoff_attack": {
                "delivery": null,
                "enabled": true
              },
              "esl_hung": {
                "delivery": null,
                "enabled": true
              },
              "esl_recovered": {
                "delivery": null,
                "enabled": true
              },
              "essid_jack": {
                "delivery": null,
                "enabled": true
              },
              "excessive_client": {
                "delivery": null,
                "enabled": true
              },
              "excessive_eapol_start": {
                "delivery": null,
                "enabled": true
              },
              "gateway_down": {
                "delivery": null,
                "enabled": true
              },
              "gateway_reconnected": {
                "delivery": null,
                "enabled": true
              },
              "gw_bad_cable": {
                "delivery": null,
                "enabled": true
              },
              "gw_bgp_neighbor_down": {
                "delivery": null,
                "enabled": true
              },
              "gw_bgp_neighbor_up": {
                "delivery": null,
                "enabled": true
              },
              "gw_critical_port_down": {
                "delivery": null,
                "enabled": true
              },
              "gw_critical_port_up": {
                "delivery": null,
                "enabled": true
              },
              "gw_dhcp_pool_exhausted": {
                "delivery": null,
                "enabled": true
              },
              "gw_negotiation_mismatch": {
                "delivery": null,
                "enabled": true
              },
              "gw_src_nat_pool_threshold_exceeded": {
                "delivery": null,
                "enabled": true
              },
              "ha_control_link_down": {
                "delivery": null,
                "enabled": true
              },
              "ha_control_link_up": {
                "delivery": null,
                "enabled": true
              },
              "health_check_failed": {
                "delivery": null,
                "enabled": true
              },
              "honeypot_ssid": {
                "delivery": null,
                "enabled": true
              },
              "idp_attack_detected": {
                "delivery": null,
                "enabled": true
              },
              "infra_arp_failure": {
                "delivery": null,
                "enabled": true
              },
              "infra_arp_success": {
                "delivery": null,
                "enabled": true
              },
              "infra_dhcp_failure": {
                "delivery": null,
                "enabled": true
              },
              "infra_dhcp_success": {
                "delivery": null,
                "enabled": true
              },
              "infra_dns_failure": {
                "delivery": null,
                "enabled": true
              },
              "infra_dns_success": {
                "delivery": null,
                "enabled": true
              },
              "insufficient_capacity": {
                "delivery": null,
                "enabled": true
              },
              "insufficient_coverage": {
                "delivery": null,
                "enabled": true
              },
              "krack_attack": {
                "delivery": null,
                "enabled": true
              },
              "loop_detected_by_ap": {
                "delivery": null,
                "enabled": true
              },
              "missing_vlan": {
                "delivery": null,
                "enabled": true
              },
              "mist_edge_connected": {
                "delivery": null,
                "enabled": true
              },
              "mist_edge_cpu_usage_high": {
                "delivery": null,
                "enabled": true
              },
              "mist_edge_cpu_usage_normal": {
                "delivery": null,
                "enabled": true
              },
              "mist_edge_disconnected": {
                "delivery": null,
                "enabled": true
              },
              "mist_edge_disk_usage_high": {
                "delivery": null,
                "enabled": true
              },
              "mist_edge_disk_usage_normal": {
                "delivery": null,
                "enabled": true
              },
              "mist_edge_memory_usage_high": {
                "delivery": null,
                "enabled": true
              },
              "mist_edge_memory_usage_normal": {
                "delivery": null,
                "enabled": true
              },
              "mist_edge_powerinput_connected": {
                "delivery": null,
                "enabled": true
              },
              "mist_edge_powerinput_disconnected": {
                "delivery": null,
                "enabled": true
              },
              "mist_edge_psu_plugged": {
                "delivery": null,
                "enabled": true
              },
              "mist_edge_psu_unplugged": {
                "delivery": null,
                "enabled": true
              },
              "mist_edge_service_crashed": {
                "delivery": null,
                "enabled": true
              },
              "mist_edge_service_failed": {
                "delivery": null,
                "enabled": true
              },
              "monkey_jack": {
                "delivery": null,
                "enabled": true
              },
              "negotiation_mismatch": {
                "delivery": null,
                "enabled": true
              },
              "non_compliant": {
                "delivery": null,
                "enabled": true
              },
              "out_of_sequence": {
                "delivery": null,
                "enabled": true
              },
              "port_flap": {
                "delivery": null,
                "enabled": true
              },
              "port_stuck": {
                "delivery": null,
                "enabled": true
              },
              "repeated_auth_failures": {
                "delivery": null,
                "enabled": true
              },
              "rogue_ap": {
                "delivery": null,
                "enabled": true
              },
              "rogue_client": {
                "delivery": null,
                "enabled": true
              },
              "secpolicy_violation": {
                "delivery": null,
                "enabled": true
              },
              "ssid_injection": {
                "delivery": null,
                "enabled": true
              },
              "sw_alarm_chassis_hot": {
                "delivery": null,
                "enabled": true
              },
              "sw_alarm_chassis_partition": {
                "delivery": null,
                "enabled": true
              },
              "sw_alarm_chassis_pem": {
                "delivery": null,
                "enabled": true
              },
              "sw_alarm_chassis_poe": {
                "delivery": null,
                "enabled": true
              },
              "sw_alarm_chassis_psu": {
                "delivery": null,
                "enabled": true
              },
              "sw_bad_optics": {
                "delivery": null,
                "enabled": true
              },
              "sw_bgp_neighbor_down": {
                "delivery": null,
                "enabled": true
              },
              "sw_bgp_neighbor_state_changed": {
                "delivery": null,
                "enabled": true
              },
              "sw_bgp_neighbor_up": {
                "delivery": null,
                "enabled": true
              },
              "sw_bpdu_error": {
                "delivery": null,
                "enabled": true
              },
              "sw_critical_port_down": {
                "delivery": null,
                "enabled": true
              },
              "sw_critical_port_up": {
                "delivery": null,
                "enabled": true
              },
              "sw_dhcp_pool_exhausted": {
                "delivery": null,
                "enabled": true
              },
              "sw_evpn_duplicate_mac": {
                "delivery": null,
                "enabled": true
              },
              "sw_vc_port_down": {
                "delivery": null,
                "enabled": true
              },
              "sw_vc_port_up": {
                "delivery": null,
                "enabled": true
              },
              "switch_down": {
                "delivery": null,
                "enabled": true
              },
              "switch_reconnected": {
                "delivery": null,
                "enabled": true
              },
              "switch_restarted": {
                "delivery": null,
                "enabled": true
              },
              "switch_stp_loop": {
                "delivery": null,
                "enabled": true
              },
              "tkip_icv_attack": {
                "delivery": null,
                "enabled": true
              },
              "tt_inactive_vlans": {
                "delivery": null,
                "enabled": true
              },
              "tt_port_last_dropped_from_lacp": {
                "delivery": null,
                "enabled": true
              },
              "tt_ports_all_dropped_from_lacp": {
                "delivery": null,
                "enabled": true
              },
              "tt_tunnels_lost": {
                "delivery": null,
                "enabled": true
              },
              "tt_tunnels_up": {
                "delivery": null,
                "enabled": true
              },
              "tunnel_down": {
                "delivery": null,
                "enabled": true
              },
              "url_blocked": {
                "delivery": null,
                "enabled": true
              },
              "vc_backup_failed": {
                "delivery": null,
                "enabled": true
              },
              "vc_master_changed": {
                "delivery": null,
                "enabled": true
              },
              "vc_member_added": {
                "delivery": null,
                "enabled": true
              },
              "vc_member_deleted": {
                "delivery": null,
                "enabled": true
              },
              "vc_member_restarted": {
                "delivery": null,
                "enabled": true
              },
              "vendor_ie_missing": {
                "delivery": null,
                "enabled": true
              },
              "vpn_path_down": {
                "delivery": null,
                "enabled": true
              },
              "vpn_peer_down": {
                "delivery": null,
                "enabled": true
              },
              "vpn_peer_up": {
                "delivery": null,
                "enabled": true
              },
              "wan_device_problem": {
                "delivery": null,
                "enabled": true
              },
              "watched_station": {
                "delivery": null,
                "enabled": true
              },
              "zero_ssid_association": {
                "delivery": null,
                "enabled": true
              }
            }
          },
          "sensitive_attributes": [],
          "dependencies": [
            "mist_org.terraform_test"
          ]
        }
      ]
    },
    {
      "mode": "managed",
      "type": "mist_org_apitoken",
      "name": "test_one",
      "provider": "provider[\"registry.terraform.io/juniper/mist\"]",
      "instances": [
        {
          "schema_version": 0,
          "attributes": {
            "created_by": "api@stag.one",
            "id": "6067afc3-8f4a-49db-80ef-39a9acc60e33",
            "key": "hZNs3rwbbf29hFZvYlx6YpeYsCLNFefuFhMedRMwjCCBBbYmacULQ1Miht05yeqom8vr5HLLijpl3fSerwenuGTWeigEtck0",
            "name": "test_one_reest_and_updated",
            "org_id": "992bf4b9-c900-4850-9992-107b2f9df928",
            "privileges": [
              {
                "role": "admin",
                "scope": "site",
                "site_id": "eb44b2dd-88ff-4468-b6c9-3ab39cbaff62",
                "sitegroup_id": null
              },
              {
                "role": "read",
                "scope": "site",
                "site_id": "4e5e70d6-29fa-429a-9762-b1cb63e78b15",
                "sitegroup_id": null
              }
            ],
            "src_ips": null
          },
          "sensitive_attributes": [
            [
              {
                "type": "get_attr",
                "value": "key"
              }
            ]
          ],
          "dependencies": [
            "mist_org.terraform_test",
            "mist_site.site_two",
            "mist_site.terraform_site"
          ]
        }
      ]
    },
    {
      "mode": "managed",
      "type": "mist_org_deviceprofile_gateway",
      "name": "hub_one",
      "provider": "provider[\"registry.terraform.io/juniper/mist\"]",
      "instances": [
        {
          "schema_version": 0,
          "attributes": {
            "additional_config_cmds": null,
            "bgp_config": null,
            "dhcpd_config": {
              "config": null,
              "enabled": true
            },
            "dns_override": false,
            "dns_servers": null,
            "dns_suffix": null,
            "extra_routes": null,
            "extra_routes6": null,
            "id": "3c59b6f8-2594-464d-b7b9-bcdccaca6413",
            "idp_profiles": null,
            "ip_configs": {
              "STK-CORE": {
                "ip": "172.16.0.1",
                "netmask": "/24",
                "secondary_ips": [],
                "type": "static"
              },
              "STK-USER": {
                "ip": "172.16.20.1",
                "netmask": "/24",
                "secondary_ips": [],
                "type": "static"
              }
            },
            "name": "hub_one",
            "networks": null,
            "ntp_override": false,
            "ntp_servers": null,
            "oob_ip_config": {
              "gateway": null,
              "ip": null,
              "netmask": null,
              "node1": {
                "gateway": null,
                "ip": null,
                "netmask": null,
                "type": "dhcp",
                "use_mgmt_vrf": null,
                "use_mgmt_vrf_for_host_out": null,
                "vlan_id": null
              },
              "type": "dhcp",
              "use_mgmt_vrf": null,
              "use_mgmt_vrf_for_host_out": null,
              "vlan_id": null
            },
            "org_id": "992bf4b9-c900-4850-9992-107b2f9df928",
            "path_preferences": {
              "HUB": {
                "paths": [
                  {
                    "cost": null,
                    "disabled": null,
                    "gateway_ip": null,
                    "internet_access": null,
                    "name": "SSR_HUB_DC-MPLS.OrgOverlay",
                    "networks": [],
                    "target_ips": [],
                    "type": "vpn",
                    "wan_name": null
                  }
                ],
                "strategy": "ordered"
              },
              "HUB-ECMP": {
                "paths": [
                  {
                    "cost": 30,
                    "disabled": null,
                    "gateway_ip": null,
                    "internet_access": null,
                    "name": "SSR_HUB_DC-MPLS.OrgOverlay",
                    "networks": [],
                    "target_ips": [],
                    "type": "vpn",
                    "wan_name": "LTE"
                  },
                  {
                    "cost": 30,
                    "disabled": null,
                    "gateway_ip": null,
                    "internet_access": null,
                    "name": "SSR_HUB_DC-MPLS.OrgOverlay",
                    "networks": [],
                    "target_ips": [],
                    "type": "vpn",
                    "wan_name": "FTTH"
                  }
                ],
                "strategy": "weighted"
              },
              "HUB-ORDERED": {
                "paths": [
                  {
                    "cost": null,
                    "disabled": null,
                    "gateway_ip": null,
                    "internet_access": null,
                    "name": "SSR_HUB_DC-MPLS.OrgOverlay",
                    "networks": [],
                    "target_ips": [],
                    "type": "vpn",
                    "wan_name": "FTTH"
                  },
                  {
                    "cost": null,
                    "disabled": null,
                    "gateway_ip": null,
                    "internet_access": null,
                    "name": "SSR_HUB_DC-MPLS.OrgOverlay",
                    "networks": [],
                    "target_ips": [],
                    "type": "vpn",
                    "wan_name": "LTE"
                  }
                ],
                "strategy": "ordered"
              }
            },
            "port_config": {
              "ge-0/0/3": {
                "ae_disable_lacp": false,
                "ae_idx": null,
                "ae_lacp_force_up": false,
                "aggregated": false,
                "critical": false,
                "description": null,
                "disable_autoneg": false,
                "disabled": false,
                "dsl_type": "vdsl",
                "dsl_vci": 35,
                "dsl_vpi": 0,
                "duplex": "auto",
                "ip_config": {
                  "dns": null,
                  "dns_suffix": null,
                  "gateway": "192.168.1.1",
                  "ip": "192.168.1.8",
                  "netmask": "/24",
                  "network": null,
                  "poser_password": null,
                  "pppoe_auth": "none",
                  "pppoe_username": null,
                  "type": "static"
                },
                "lte_apn": null,
                "lte_auth": "none",
                "lte_backup": null,
                "lte_password": null,
                "lte_username": null,
                "mtu": null,
                "name": "FTTH",
                "networks": [],
                "outer_vlan_id": null,
                "poe_disabled": false,
                "port_network": null,
                "preserve_dscp": true,
                "redundant": false,
                "reth_idx": null,
                "reth_node": null,
                "reth_nodes": [],
                "speed": "auto",
                "ssr_no_virtual_mac": false,
                "svr_port_range": "none",
                "traffic_shaping": null,
                "usage": "wan",
                "vlan_id": null,
                "vpn_paths": {
                  "SSR_HUB_DC-MPLS.OrgOverlay": {
                    "bfd_profile": "broadband",
                    "bfd_use_tunnel_mode": false,
                    "link_name": null,
                    "preference": null,
                    "role": "spoke",
                    "traffic_shaping": null
                  }
                },
                "wan_arp_policer": "default",
                "wan_ext_ip": null,
                "wan_extra_routes": null,
                "wan_networks": [],
                "wan_probe_override": null,
                "wan_source_nat": {
                  "disabled": true,
                  "nat_pool": null
                },
                "wan_type": "broadband"
              },
              "ge-0/0/4": {
                "ae_disable_lacp": false,
                "ae_idx": null,
                "ae_lacp_force_up": false,
                "aggregated": false,
                "critical": false,
                "description": null,
                "disable_autoneg": false,
                "disabled": false,
                "dsl_type": "vdsl",
                "dsl_vci": 35,
                "dsl_vpi": 0,
                "duplex": "auto",
                "ip_config": {
                  "dns": null,
                  "dns_suffix": null,
                  "gateway": null,
                  "ip": null,
                  "netmask": null,
                  "network": null,
                  "poser_password": null,
                  "pppoe_auth": "none",
                  "pppoe_username": null,
                  "type": "dhcp"
                },
                "lte_apn": null,
                "lte_auth": "none",
                "lte_backup": null,
                "lte_password": null,
                "lte_username": null,
                "mtu": null,
                "name": "LTE",
                "networks": [],
                "outer_vlan_id": null,
                "poe_disabled": false,
                "port_network": null,
                "preserve_dscp": true,
                "redundant": false,
                "reth_idx": null,
                "reth_node": null,
                "reth_nodes": [],
                "speed": "auto",
                "ssr_no_virtual_mac": false,
                "svr_port_range": "none",
                "traffic_shaping": null,
                "usage": "wan",
                "vlan_id": null,
                "vpn_paths": {
                  "SSR_HUB_DC-MPLS.OrgOverlay": {
                    "bfd_profile": "broadband",
                    "bfd_use_tunnel_mode": false,
                    "link_name": null,
                    "preference": null,
                    "role": "spoke",
                    "traffic_shaping": null
                  }
                },
                "wan_arp_policer": "default",
                "wan_ext_ip": null,
                "wan_extra_routes": null,
                "wan_networks": [],
                "wan_probe_override": null,
                "wan_source_nat": {
                  "disabled": false,
                  "nat_pool": null
                },
                "wan_type": "broadband"
              },
              "ge-0/0/5": {
                "ae_disable_lacp": false,
                "ae_idx": null,
                "ae_lacp_force_up": false,
                "aggregated": false,
                "critical": false,
                "description": null,
                "disable_autoneg": false,
                "disabled": false,
                "dsl_type": "vdsl",
                "dsl_vci": 35,
                "dsl_vpi": 0,
                "duplex": "auto",
                "ip_config": null,
                "lte_apn": null,
                "lte_auth": "none",
                "lte_backup": null,
                "lte_password": null,
                "lte_username": null,
                "mtu": null,
                "name": null,
                "networks": [
                  "STK-CORE"
                ],
                "outer_vlan_id": null,
                "poe_disabled": false,
                "port_network": null,
                "preserve_dscp": true,
                "redundant": false,
                "reth_idx": null,
                "reth_node": null,
                "reth_nodes": [],
                "speed": "auto",
                "ssr_no_virtual_mac": false,
                "svr_port_range": "none",
                "traffic_shaping": null,
                "usage": "lan",
                "vlan_id": null,
                "vpn_paths": null,
                "wan_arp_policer": "default",
                "wan_ext_ip": null,
                "wan_extra_routes": null,
                "wan_networks": [],
                "wan_probe_override": null,
                "wan_source_nat": null,
                "wan_type": "broadband"
              },
              "ge-0/0/6": {
                "ae_disable_lacp": false,
                "ae_idx": null,
                "ae_lacp_force_up": false,
                "aggregated": false,
                "critical": false,
                "description": null,
                "disable_autoneg": false,
                "disabled": false,
                "dsl_type": "vdsl",
                "dsl_vci": 35,
                "dsl_vpi": 0,
                "duplex": "auto",
                "ip_config": null,
                "lte_apn": null,
                "lte_auth": "none",
                "lte_backup": null,
                "lte_password": null,
                "lte_username": null,
                "mtu": null,
                "name": null,
                "networks": [
                  "STK-USER"
                ],
                "outer_vlan_id": null,
                "poe_disabled": false,
                "port_network": null,
                "preserve_dscp": true,
                "redundant": false,
                "reth_idx": null,
                "reth_node": null,
                "reth_nodes": [],
                "speed": "auto",
                "ssr_no_virtual_mac": false,
                "svr_port_range": "none",
                "traffic_shaping": null,
                "usage": "lan",
                "vlan_id": null,
                "vpn_paths": null,
                "wan_arp_policer": "default",
                "wan_ext_ip": null,
                "wan_extra_routes": null,
                "wan_networks": [],
                "wan_probe_override": null,
                "wan_source_nat": null,
                "wan_type": "broadband"
              }
            },
            "router_id": null,
            "routing_policies": {
              "aj-dc-in": {
                "terms": [
                  {
                    "action": null,
                    "matching": null
                  }
                ]
              }
            },
            "service_policies": [
              {
                "action": "allow",
                "appqoe": null,
                "ewf": null,
                "idp": {
                  "alert_only": false,
                  "enabled": true,
                  "idpprofile_id": null,
                  "profile": "critical"
                },
                "local_routing": null,
                "name": "Policy-14",
                "path_preference": "HUB",
                "servicepolicy_id": null,
                "services": [
                  "any"
                ],
                "tenants": [
                  "STK-CORE"
                ]
              },
              {
                "action": "allow",
                "appqoe": null,
                "ewf": null,
                "idp": {
                  "alert_only": true,
                  "enabled": true,
                  "idpprofile_id": null,
                  "profile": "standard"
                },
                "local_routing": null,
                "name": "Policy-2",
                "path_preference": "HUB-ECMP",
                "servicepolicy_id": null,
                "services": [
                  "any"
                ],
                "tenants": [
                  "STK-USER"
                ]
              }
            ],
            "tunnel_configs": null,
            "tunnel_provider_options": null,
            "type": "gateway",
            "vrf_config": null,
            "vrf_instances": null
          },
          "sensitive_attributes": [
            [
              {
                "type": "get_attr",
                "value": "port_config"
              },
              {
                "type": "index",
                "value": {
                  "value": "ge-0/0/3",
                  "type": "string"
                }
              },
              {
                "type": "get_attr",
                "value": "lte_password"
              }
            ],
            [
              {
                "type": "get_attr",
                "value": "port_config"
              },
              {
                "type": "index",
                "value": {
                  "value": "ge-0/0/3",
                  "type": "string"
                }
              },
              {
                "type": "get_attr",
                "value": "ip_config"
              },
              {
                "type": "get_attr",
                "value": "poser_password"
              }
            ],
            [
              {
                "type": "get_attr",
                "value": "port_config"
              },
              {
                "type": "index",
                "value": {
                  "value": "ge-0/0/4",
                  "type": "string"
                }
              },
              {
                "type": "get_attr",
                "value": "lte_password"
              }
            ],
            [
              {
                "type": "get_attr",
                "value": "port_config"
              },
              {
                "type": "index",
                "value": {
                  "value": "ge-0/0/4",
                  "type": "string"
                }
              },
              {
                "type": "get_attr",
                "value": "ip_config"
              },
              {
                "type": "get_attr",
                "value": "poser_password"
              }
            ],
            [
              {
                "type": "get_attr",
                "value": "port_config"
              },
              {
                "type": "index",
                "value": {
                  "value": "ge-0/0/5",
                  "type": "string"
                }
              },
              {
                "type": "get_attr",
                "value": "lte_password"
              }
            ],
            [
              {
                "type": "get_attr",
                "value": "port_config"
              },
              {
                "type": "index",
                "value": {
                  "value": "ge-0/0/6",
                  "type": "string"
                }
              },
              {
                "type": "get_attr",
                "value": "lte_password"
              }
            ]
          ],
          "dependencies": [
            "mist_org.terraform_test"
          ]
        }
      ]
    },
    {
      "mode": "managed",
      "type": "mist_org_gatewaytemplate",
      "name": "gatewaytemplate_one",
      "provider": "provider[\"registry.terraform.io/juniper/mist\"]",
      "instances": [
        {
          "schema_version": 0,
          "attributes": {
            "additional_config_cmds": [
              "hello world"
            ],
            "bgp_config": {
              "test": {
                "auth_key": "secret",
                "bfd_minimum_interval": 4,
                "bfd_multiplier": 3,
                "disable_bfd": false,
                "export": null,
                "export_policy": null,
                "extended_v4_nexthop": null,
                "graceful_restart_time": 0,
                "hold_time": 90,
                "import": null,
                "import_policy": null,
                "local_as": null,
                "neighbor_as": null,
                "neighbors": null,
                "networks": [],
                "no_readvertise_to_overlay": false,
                "tunnel_name": null,
                "type": null,
                "via": "lan",
                "vpn_name": null,
                "wan_name": null
              }
            },
            "dhcpd_config": {
              "config": {
                "CORE_VLAN410": {
                  "dns_servers": [
                    "8.8.8.8"
                  ],
                  "dns_suffix": [
                    "mycorp.local"
                  ],
                  "fixed_bindings": {
                    "deadbeefdead": {
                      "ip": "10.4.171.11",
                      "name": "c0ffee"
                    }
                  },
                  "gateway": "10.4.171.1",
                  "ip_end": "10.4.171.100",
                  "ip_end6": null,
                  "ip_start": "10.4.171.10",
                  "ip_start6": null,
                  "lease_time": 5463,
                  "options": {
                    "42": {
                      "type": "string",
                      "value": "2.2.2.2"
                    }
                  },
                  "server_id_override": false,
                  "servers": [],
                  "servers6": [],
                  "type": "local",
                  "type6": "none",
                  "vendor_encapsulated": null
                },
                "RESTRICTED_VLAN420": {
                  "dns_servers": [],
                  "dns_suffix": [],
                  "fixed_bindings": null,
                  "gateway": null,
                  "ip_end": null,
                  "ip_end6": null,
                  "ip_start": null,
                  "ip_start6": null,
                  "lease_time": 86400,
                  "options": null,
                  "server_id_override": false,
                  "servers": [
                    "1.2.3.4"
                  ],
                  "servers6": [],
                  "type": "relay",
                  "type6": "none",
                  "vendor_encapsulated": null
                },
                "test": {
                  "dns_servers": [],
                  "dns_suffix": [],
                  "fixed_bindings": null,
                  "gateway": null,
                  "ip_end": null,
                  "ip_end6": null,
                  "ip_start": null,
                  "ip_start6": null,
                  "lease_time": 86400,
                  "options": null,
                  "server_id_override": false,
                  "servers": [],
                  "servers6": [],
                  "type": "local",
                  "type6": "none",
                  "vendor_encapsulated": null
                }
              },
              "enabled": true
            },
            "dns_override": false,
            "dns_servers": null,
            "dns_suffix": null,
            "extra_routes": null,
            "extra_routes6": null,
            "id": "d1a6c2fa-2abe-402f-8dc7-408297407ead",
            "idp_profiles": null,
            "ip_configs": {
              "AUTOMATION_VLAN460": {
                "ip": "10.6.171.1",
                "netmask": "/24",
                "secondary_ips": [],
                "type": "static"
              },
              "CORE_VLAN410": {
                "ip": "10.4.171.1",
                "netmask": "/24",
                "secondary_ips": [],
                "type": "static"
              },
              "MANAGEMENT_VLAN430": {
                "ip": "10.8.171.1",
                "netmask": "/24",
                "secondary_ips": [],
                "type": "static"
              },
              "RESTRICTED_VLAN420": {
                "ip": "10.5.171.1",
                "netmask": "/24",
                "secondary_ips": [],
                "type": "static"
              },
              "UNTRUSTED_VLAN490": {
                "ip": "10.7.171.1",
                "netmask": "/24",
                "secondary_ips": [],
                "type": "static"
              }
            },
            "name": "gatewaytemplate_one",
            "networks": null,
            "ntp_override": false,
            "ntp_servers": null,
            "oob_ip_config": {
              "gateway": null,
              "ip": null,
              "netmask": null,
              "node1": {
                "gateway": null,
                "ip": null,
                "netmask": null,
                "type": "dhcp",
                "use_mgmt_vrf": null,
                "use_mgmt_vrf_for_host_out": null,
                "vlan_id": null
              },
              "type": "dhcp",
              "use_mgmt_vrf": null,
              "use_mgmt_vrf_for_host_out": null,
              "vlan_id": null
            },
            "org_id": "992bf4b9-c900-4850-9992-107b2f9df928",
            "path_preferences": {
              "HUB": {
                "paths": [
                  {
                    "cost": null,
                    "disabled": null,
                    "gateway_ip": null,
                    "internet_access": null,
                    "name": "FTTH",
                    "networks": [],
                    "target_ips": [],
                    "type": "wan",
                    "wan_name": null
                  }
                ],
                "strategy": "ordered"
              }
            },
            "port_config": {
              "ge-0/0/3": {
                "ae_disable_lacp": false,
                "ae_idx": null,
                "ae_lacp_force_up": false,
                "aggregated": false,
                "critical": false,
                "description": null,
                "disable_autoneg": false,
                "disabled": false,
                "dsl_type": "vdsl",
                "dsl_vci": 35,
                "dsl_vpi": 0,
                "duplex": "auto",
                "ip_config": {
                  "dns": null,
                  "dns_suffix": null,
                  "gateway": "192.168.1.1",
                  "ip": "192.168.1.8",
                  "netmask": "/24",
                  "network": null,
                  "poser_password": null,
                  "pppoe_auth": "none",
                  "pppoe_username": null,
                  "type": "static"
                },
                "lte_apn": null,
                "lte_auth": "none",
                "lte_backup": null,
                "lte_password": null,
                "lte_username": null,
                "mtu": null,
                "name": "FTTH",
                "networks": [],
                "outer_vlan_id": null,
                "poe_disabled": false,
                "port_network": null,
                "preserve_dscp": true,
                "redundant": false,
                "reth_idx": null,
                "reth_node": null,
                "reth_nodes": [],
                "speed": "auto",
                "ssr_no_virtual_mac": false,
                "svr_port_range": "none",
                "traffic_shaping": null,
                "usage": "wan",
                "vlan_id": null,
                "vpn_paths": null,
                "wan_arp_policer": "default",
                "wan_ext_ip": null,
                "wan_extra_routes": null,
                "wan_networks": [],
                "wan_probe_override": null,
                "wan_source_nat": {
                  "disabled": false,
                  "nat_pool": null
                },
                "wan_type": "broadband"
              },
              "ge-0/0/7,ge-5/0/7": {
                "ae_disable_lacp": false,
                "ae_idx": null,
                "ae_lacp_force_up": false,
                "aggregated": false,
                "critical": false,
                "description": null,
                "disable_autoneg": false,
                "disabled": false,
                "dsl_type": "vdsl",
                "dsl_vci": 35,
                "dsl_vpi": 0,
                "duplex": "auto",
                "ip_config": null,
                "lte_apn": null,
                "lte_auth": "none",
                "lte_backup": null,
                "lte_password": null,
                "lte_username": null,
                "mtu": null,
                "name": null,
                "networks": [
                  "CORE_VLAN410",
                  "RESTRICTED_VLAN420",
                  "AUTOMATION_VLAN460",
                  "UNTRUSTED_VLAN490",
                  "MANAGEMENT_VLAN430"
                ],
                "outer_vlan_id": null,
                "poe_disabled": false,
                "port_network": null,
                "preserve_dscp": true,
                "redundant": true,
                "reth_idx": 3,
                "reth_node": "node0",
                "reth_nodes": [],
                "speed": "auto",
                "ssr_no_virtual_mac": false,
                "svr_port_range": "none",
                "traffic_shaping": null,
                "usage": "lan",
                "vlan_id": null,
                "vpn_paths": null,
                "wan_arp_policer": "default",
                "wan_ext_ip": null,
                "wan_extra_routes": null,
                "wan_networks": [],
                "wan_probe_override": null,
                "wan_source_nat": null,
                "wan_type": "broadband"
              }
            },
            "router_id": null,
            "routing_policies": null,
            "service_policies": [
              {
                "action": "allow",
                "appqoe": null,
                "ewf": null,
                "idp": {
                  "alert_only": false,
                  "enabled": true,
                  "idpprofile_id": null,
                  "profile": "critical"
                },
                "local_routing": null,
                "name": "Policy-14",
                "path_preference": "HUB",
                "servicepolicy_id": null,
                "services": [
                  "any"
                ],
                "tenants": [
                  "MANAGEMENT_VLAN430"
                ]
              },
              {
                "action": "allow",
                "appqoe": null,
                "ewf": null,
                "idp": {
                  "alert_only": false,
                  "enabled": true,
                  "idpprofile_id": "d216d90c-8648-450f-b7df-d51f19a4d4c1",
                  "profile": "Custom"
                },
                "local_routing": null,
                "name": "Policy-15",
                "path_preference": "HUB",
                "servicepolicy_id": null,
                "services": [
                  "any"
                ],
                "tenants": [
                  "MANAGEMENT_VLAN430"
                ]
              },
              {
                "action": null,
                "appqoe": null,
                "ewf": null,
                "idp": null,
                "local_routing": null,
                "name": null,
                "path_preference": "HUB",
                "servicepolicy_id": "38d16960-f7e4-4d62-96df-7a4dfdf3987d",
                "services": [],
                "tenants": []
              }
            ],
            "tunnel_configs": {
              "default": {
                "auto_provision": null,
                "ike_lifetime": 28800,
                "ike_mode": "main",
                "ike_proposals": [
                  {
                    "auth_algo": "sha1",
                    "dh_group": "14",
                    "enc_algo": "3des"
                  }
                ],
                "ipsec_lifetime": 28800,
                "ipsec_proposals": [
                  {
                    "auth_algo": "sha1",
                    "dh_group": "14",
                    "enc_algo": "3des"
                  }
                ],
                "local_id": null,
                "mode": "active-active",
                "networks": [],
                "primary": null,
                "probe": null,
                "protocol": null,
                "provider": "custom-ipsec",
                "psk": "juniper123",
                "secondary": null,
                "version": "2"
              }
            },
            "tunnel_provider_options": null,
            "type": "spoke",
            "vrf_config": {
              "enabled": true
            },
            "vrf_instances": {
              "VRF_ONE": {
                "networks": [
                  "CORE_VLAN410",
                  "RESTRICTED_VLAN420"
                ]
              }
            }
          },
          "sensitive_attributes": [
            [
              {
                "type": "get_attr",
                "value": "tunnel_configs"
              },
              {
                "type": "index",
                "value": {
                  "value": "default",
                  "type": "string"
                }
              },
              {
                "type": "get_attr",
                "value": "psk"
              }
            ],
            [
              {
                "type": "get_attr",
                "value": "port_config"
              },
              {
                "type": "index",
                "value": {
                  "value": "ge-0/0/3",
                  "type": "string"
                }
              },
              {
                "type": "get_attr",
                "value": "lte_password"
              }
            ],
            [
              {
                "type": "get_attr",
                "value": "port_config"
              },
              {
                "type": "index",
                "value": {
                  "value": "ge-0/0/3",
                  "type": "string"
                }
              },
              {
                "type": "get_attr",
                "value": "ip_config"
              },
              {
                "type": "get_attr",
                "value": "poser_password"
              }
            ],
            [
              {
                "type": "get_attr",
                "value": "port_config"
              },
              {
                "type": "index",
                "value": {
                  "value": "ge-0/0/7,ge-5/0/7",
                  "type": "string"
                }
              },
              {
                "type": "get_attr",
                "value": "lte_password"
              }
            ]
          ],
          "dependencies": [
            "mist_org.terraform_test",
            "mist_org_idpprofile.test1",
            "mist_org_servicepolicy.test1"
          ]
        }
      ]
    },
    {
      "mode": "managed",
      "type": "mist_org_idpprofile",
      "name": "test1",
      "provider": "provider[\"registry.terraform.io/juniper/mist\"]",
      "instances": [
        {
          "schema_version": 0,
          "attributes": {
            "base_profile": "standard",
            "id": "d216d90c-8648-450f-b7df-d51f19a4d4c1",
            "name": "custom-standard",
            "org_id": "992bf4b9-c900-4850-9992-107b2f9df928",
            "overwrites": [
              {
                "action": "drop",
                "matching": {
                  "attack_name": [
                    "SSL:OVERFLOW:KEY-ARG-NO-ENTROPY"
                  ],
                  "dst_subnet": [],
                  "severity": []
                },
                "name": "r1"
              },
              {
                "action": "alert",
                "matching": {
                  "attack_name": [
                    "UDP:ZERO-DATA"
                  ],
                  "dst_subnet": [],
                  "severity": []
                },
                "name": "r2"
              }
            ]
          },
          "sensitive_attributes": [],
          "dependencies": [
            "mist_org.terraform_test"
          ]
        }
      ]
    },
    {
      "mode": "managed",
      "type": "mist_org_idpprofile",
      "name": "test2",
      "provider": "provider[\"registry.terraform.io/juniper/mist\"]",
      "instances": [
        {
          "schema_version": 0,
          "attributes": {
            "base_profile": "standard",
            "id": "f7adb5ad-31b8-4a9d-aa35-47d5554e3f01",
            "name": "UDP-ZERO-DATA",
            "org_id": "992bf4b9-c900-4850-9992-107b2f9df928",
            "overwrites": [
              {
                "action": "alert",
                "matching": {
                  "attack_name": [
                    "UDP:ZERO-DATA"
                  ],
                  "dst_subnet": [
                    "8.8.8.8/32"
                  ],
                  "severity": []
                },
                "name": "UDP-ZERO-DATA-AllowGoogle1"
              }
            ]
          },
          "sensitive_attributes": [],
          "dependencies": [
            "mist_org.terraform_test"
          ]
        }
      ]
    },
    {
      "mode": "managed",
      "type": "mist_org_idpprofile",
      "name": "test3",
      "provider": "provider[\"registry.terraform.io/juniper/mist\"]",
      "instances": [
        {
          "schema_version": 0,
          "attributes": {
            "base_profile": "critical",
            "id": "7a93042b-3e40-4bb3-b11f-17d988b57f6d",
            "name": "aide-demo-dmz-bypass",
            "org_id": "992bf4b9-c900-4850-9992-107b2f9df928",
            "overwrites": [
              {
                "action": "alert",
                "matching": {
                  "attack_name": [
                    "SSL:OVERFLOW:KEY-ARG-NO-ENTROPY"
                  ],
                  "dst_subnet": [],
                  "severity": []
                },
                "name": "server_bypass"
              },
              {
                "action": "alert",
                "matching": {
                  "attack_name": [
                    "SSL:OVERFLOW:KEY-ARG-NO-ENTROPY"
                  ],
                  "dst_subnet": [],
                  "severity": []
                },
                "name": "aide-demo-guest-bypass"
              }
            ]
          },
          "sensitive_attributes": [],
          "dependencies": [
            "mist_org.terraform_test"
          ]
        }
      ]
    },
    {
      "mode": "managed",
      "type": "mist_org_idpprofile",
      "name": "test4",
      "provider": "provider[\"registry.terraform.io/juniper/mist\"]",
      "instances": [
        {
          "schema_version": 0,
          "attributes": {
            "base_profile": "critical",
            "id": "7ceddd94-4dc2-4298-86bc-5812363cfa57",
            "name": "nn-test",
            "org_id": "992bf4b9-c900-4850-9992-107b2f9df928",
            "overwrites": null
          },
          "sensitive_attributes": [],
          "dependencies": [
            "mist_org.terraform_test"
          ]
        }
      ]
    },
    {
      "mode": "managed",
      "type": "mist_org_idpprofile",
      "name": "test5",
      "provider": "provider[\"registry.terraform.io/juniper/mist\"]",
      "instances": [
        {
          "schema_version": 0,
          "attributes": {
            "base_profile": "standard",
            "id": "43459829-9484-489f-81fd-7a9575a1d2fd",
            "name": "zero-data",
            "org_id": "992bf4b9-c900-4850-9992-107b2f9df928",
            "overwrites": [
              {
                "action": "close",
                "matching": {
                  "attack_name": [
                    "UDP:ZERO-DATA"
                  ],
                  "dst_subnet": [
                    "9.9.9.9/32",
                    "1.0.0.1/32"
                  ],
                  "severity": []
                },
                "name": "zero-data"
              }
            ]
          },
          "sensitive_attributes": [],
          "dependencies": [
            "mist_org.terraform_test"
          ]
        }
      ]
    },
    {
      "mode": "managed",
      "type": "mist_org_idpprofile",
      "name": "test6",
      "provider": "provider[\"registry.terraform.io/juniper/mist\"]",
      "instances": [
        {
          "schema_version": 0,
          "attributes": {
            "base_profile": "standard",
            "id": "5a6dba62-bf41-4e0f-9fb8-46243efec748",
            "name": "CVE",
            "org_id": "992bf4b9-c900-4850-9992-107b2f9df928",
            "overwrites": [
              {
                "action": "alert",
                "matching": {
                  "attack_name": [
                    "HTTP:INFO-LEAK:NO-SP-AFTER-FLD",
                    "HTTP:OVERFLOW:HEADER",
                    "HTTP:INVALID:HDR-FIELD",
                    "HTTP:INVALID:INV-CONT-ENC",
                    "SSL:AUDIT:EXPORT-GRADE-CIPHER",
                    "PORTMAPPER:ERR:SHORT-READ",
                    "SSL:OVERFLOW:KEY-ARG-NO-ENTROPY"
                  ],
                  "dst_subnet": [
                    "192.168.94.2/32",
                    "93.184.215.14/32",
                    "13.89.179.10/32",
                    "1.0.0.1/32",
                    "9.9.9.9/32",
                    "1.1.1.1/32",
                    "142.251.33.99/32",
                    "23.102.110.248/32",
                    "20.189.173.10/32",
                    "13.89.179.14/32",
                    "142.251.211.227/32"
                  ],
                  "severity": []
                },
                "name": "CVE"
              }
            ]
          },
          "sensitive_attributes": [],
          "dependencies": [
            "mist_org.terraform_test"
          ]
        }
      ]
    },
    {
      "mode": "managed",
      "type": "mist_org_inventory",
      "name": "inventory",
      "provider": "provider[\"registry.terraform.io/juniper/mist\"]",
      "instances": [
        {
          "schema_version": 0,
          "attributes": {
            "devices": null,
            "inventory": {
              "2GVEJAD6DXHCGLB": {
                "claim_code": "2GVEJAD6DXHCGLB",
                "deviceprofile_id": "",
                "hostname": "",
                "id": "00000000-0000-0000-1000-e8a24551cdb2",
                "mac": "e8a24551cdb2",
                "model": "SRX320",
                "org_id": "992bf4b9-c900-4850-9992-107b2f9df928",
                "serial": "CW2720AF0894",
                "site_id": "eb44b2dd-88ff-4468-b6c9-3ab39cbaff62",
                "type": "gateway",
                "unclaim_when_destroyed": false,
                "vc_mac": ""
              },
              "4c9614026d00": {
                "claim_code": "",
                "deviceprofile_id": "",
                "hostname": "",
                "id": "00000000-0000-0000-1000-4c9614026d00",
                "mac": "4c9614026d00",
                "model": "VSRX3",
                "org_id": "992bf4b9-c900-4850-9992-107b2f9df928",
                "serial": "EA92EA61BF79",
                "site_id": "eb44b2dd-88ff-4468-b6c9-3ab39cbaff62",
                "type": "gateway",
                "unclaim_when_destroyed": false,
                "vc_mac": ""
              },
              "4c961418c000": {
                "claim_code": "",
                "deviceprofile_id": "",
                "hostname": "",
                "id": "00000000-0000-0000-1000-4c961418c000",
                "mac": "4c961418c000",
                "model": "VSRX3",
                "org_id": "992bf4b9-c900-4850-9992-107b2f9df928",
                "serial": "2E8823CD6C84",
                "site_id": "eb44b2dd-88ff-4468-b6c9-3ab39cbaff62",
                "type": "gateway",
                "unclaim_when_destroyed": false,
                "vc_mac": ""
              },
              "4c9614ae1500": {
                "claim_code": "",
                "deviceprofile_id": "",
                "hostname": "",
                "id": "00000000-0000-0000-1000-4c9614ae1500",
                "mac": "4c9614ae1500",
                "model": "VSRX3",
                "org_id": "992bf4b9-c900-4850-9992-107b2f9df928",
                "serial": "8BA0FCC20F0D",
                "site_id": "eb44b2dd-88ff-4468-b6c9-3ab39cbaff62",
                "type": "gateway",
                "unclaim_when_destroyed": false,
                "vc_mac": "4c9614ae1500"
              },
              "4c9614f32f00": {
                "claim_code": "",
                "deviceprofile_id": "",
                "hostname": "",
                "id": "00000000-0000-0000-1000-4c9614f32f00",
                "mac": "4c9614f32f00",
                "model": "VSRX3",
                "org_id": "992bf4b9-c900-4850-9992-107b2f9df928",
                "serial": "D2C78FEE4CDF",
                "site_id": "eb44b2dd-88ff-4468-b6c9-3ab39cbaff62",
                "type": "gateway",
                "unclaim_when_destroyed": false,
                "vc_mac": "4c9614ae1500"
              },
              "CPKL2EXN8JY98AC": {
                "claim_code": "CPKL2EXN8JY98AC",
                "deviceprofile_id": "",
                "hostname": "",
                "id": "00000000-0000-0000-1000-003e7316ff9e",
                "mac": "003e7316ff9e",
                "model": "AP24",
                "org_id": "992bf4b9-c900-4850-9992-107b2f9df928",
                "serial": "A192923060671",
                "site_id": "eb44b2dd-88ff-4468-b6c9-3ab39cbaff62",
                "type": "ap",
                "unclaim_when_destroyed": false,
                "vc_mac": ""
              },
              "CV4YAS8DQWYLL6M": {
                "claim_code": "CV4YAS8DQWYLL6M",
                "deviceprofile_id": "",
                "hostname": "",
                "id": "00000000-0000-0000-1000-e8a24550e732",
                "mac": "e8a24550e732",
                "model": "SRX320",
                "org_id": "992bf4b9-c900-4850-9992-107b2f9df928",
                "serial": "CW2720AF0433",
                "site_id": "eb44b2dd-88ff-4468-b6c9-3ab39cbaff62",
                "type": "gateway",
                "unclaim_when_destroyed": false,
                "vc_mac": ""
              },
              "G87JHBFXZJSFNMX": {
                "claim_code": "G87JHBFXZJSFNMX",
                "deviceprofile_id": "",
                "hostname": "",
                "id": "00000000-0000-0000-1000-2c21311c37b0",
                "mac": "2c21311c37b0",
                "model": "EX2300-C-12P",
                "org_id": "992bf4b9-c900-4850-9992-107b2f9df928",
                "serial": "HV0216410081",
                "site_id": "eb44b2dd-88ff-4468-b6c9-3ab39cbaff62",
                "type": "switch",
                "unclaim_when_destroyed": false,
                "vc_mac": ""
              }
            },
            "org_id": "992bf4b9-c900-4850-9992-107b2f9df928"
          },
          "sensitive_attributes": [],
          "dependencies": [
            "mist_org.terraform_test",
            "mist_site.terraform_site"
          ]
        }
      ]
    },
    {
      "mode": "managed",
      "type": "mist_org_nacidp",
      "name": "idp_azure",
      "provider": "provider[\"registry.terraform.io/juniper/mist\"]",
      "instances": [
        {
          "schema_version": 0,
          "attributes": {
            "group_filter": null,
            "id": "52e4bd4b-872c-4592-9a56-5c46f53b1fb1",
            "idp_type": "oauth",
            "ldap_base_dn": null,
            "ldap_bind_dn": null,
            "ldap_bind_password": null,
            "ldap_cacerts": null,
            "ldap_client_cert": null,
            "ldap_client_key": null,
            "ldap_group_attr": null,
            "ldap_group_dn": null,
            "ldap_resolve_groups": null,
            "ldap_server_hosts": null,
            "ldap_type": null,
            "ldap_user_filter": null,
            "member_filter": null,
            "name": "idp_azure",
            "oauth_cc_client_id": "client_id",
            "oauth_cc_client_secret": "-----BEGIN RSA PRIVATE KEY-----MIIF0jCCA7qgAwIBAgIBATANBgkqhkiG9w0BAQsFADBbMQswCQYDVQQGEwJVUzENMAsGA1UECgwETWlzdDEOMAwGA1UECwwFT3JnQ0ExLTArBgNVBAMMJDk5MmJmNGI5LWM5MDAtNDg1MC05OTkyLTEwN2IyZjlkZjkyODAeFw0yNDA3MTExMjIxNTBaFw0zNDA3MDkxMjIxNTBaMFsxCzAJBgNVBAYTAlVTMQ0wCwYDVQQKDARNaXN0MQ4wDAYDVQQLDAVPcmdDQTEtMCsGA1UEAwwkOTkyYmY0YjktYzkwMC00ODUwLTk5OTItMTA3YjJmOWRmOTI4MIICIjANBgkqhkiG9w0BAQEFAAOCAg8AMIICCgKCAgEApfdNlmu78olZo5BqJw7KSXhhTDnN0XvYrUQJphRIBrC26/zNPj4/+mH9koM/nprV8KFRxbg4Elu0n32K8iCKtegeLrPMzkbkqtjdR22C8x38X+JnQgxoZfASGros+PkHhFiLumbKYaMlnu4zs5BXiXBqobpKLC2MSelsJxYu3GJwJDOnxKb757b4bdcueC+609wfz15cxRCsKvvmO/ZcPidPZsZU4so3G5PPYBDFCzvFv7b3i43g8zHREZ8knMZsgM78yNTEPDoVBe9Nvvaxqv4g4zZ7NA7fJ5mCbK7CBsuHhnAt8lkDJlRVTBjDE9Z4RW7ChLKMvq17HMaxr4AizOclD3jhlOYMlRskd4gh2VEYKZRUbZrwulC3AWrIDG+60FPY6WCPyFC7uP8k4pq2pgTsmOctWvS/fJmCz8Yi62D36HhMtzb8ddOq4wpOTnL7WuhxKUblsXNuzjEbQwB9EYvHVmyxr2s1Uu+RGOaE/YHu0PsNNESIMgeUmzkDjM17qfHVEoR8VKzYxol9nlKG6f9YjFGa637dPpd+SPxv0fH9SUuUCPJcMB8AT22ufC0n3CEAp/6QOm5NjOvrMM51FRgfWU13KINmv3EHiDo6EMJrYwRrxCDLoS+8gB/j3ErcHLm1FJ3oIkOfkeUqETA9mdvIBMBtPcgW/JFpe+MQdIsCAwEAAaOBoDCBnTAvBgNVHREEKDAmgiQ5OTJiZjRiOS1jOTAwLTQ4NTAtOTk5Mi0xMDdiMmY5ZGY5MjgwDwYDVR0TAQH/BAUwAwEB/zBZBgNVHR8EUjBQME6gTKBKhkhodHRwOi8vYXBpLm1pc3QuY29tL2FwaS92MS9vcmdzLzk5MmJmNGI5LWM5MDAtNDg1MC05OTkyLTEwN2IyZjlkZjkyOC9jcmwwDQYJKoZIhvcNAQELBQADggIBAAzhXvOWj+sOqCFddBBsezW19nY1KgEgO3MFZHVuwrNpcfHVsXaY4YMmp93OawYKJKOBYpyZXRtajb/3kuGdPHHxX5+aOG0X+HNeCPzxI9xOTG3wjZ/Zr5xDKV7VsxuMyLQf0QdciLMk5q1TbZftzxSKvd0JlRO/cQNw1zocP0bcnp9t1loNcLlw7joh3qibdTj9bpHm958DgCk5WaRdsVHABLHPaPIHx07kDFedY6pGo2QILe1/6sPidxJek1yszOdWcwXeSJ+UEl4UsWNftM5E2QBib4iVr2fhKUuiOHeVnpWPCVAKG1SObfK/2uWTYItjl9ZjgIydo2rz5V0Oa6p1ftx8h9GEkAHUAJjMcHzL7u1vv+t3J029z3W1GN3Ndhox9XzEWxoQf2WdKWmAZErgZFwfDURwW0tyP1A+jAH6UK0dQJweVAo5a0HdY21x/fQz8MoLwa2oG8Y1CcrOJywZG48ll+6As0HkIrLZ1ciwJJS5s4gBu8q4/2y/XSdxaK+LmM1WdsJgYM+7PBuW5Xkf9j+n4tIMRj851cwgMk4CU3PNQP2BqOcFHKaf+v2JystzYdM2k1H9zcQMmNIMpo2VMaq+nJJYF0f4myVCEyO5T3kQLEAQWPnVJua1mXUhOSQqRBO4A6Uk8TWKyshvo0tERubwpP6iTTJWV/fSCGx7-----END RSA PRIVATE KEY-----",
            "oauth_discovery_url": null,
            "oauth_ping_identity_region": "us",
            "oauth_ropc_client_id": "ropc_client_id",
            "oauth_ropc_client_secret": "ropc_client_secret",
            "oauth_tenant_id": "tenant_id",
            "oauth_type": "azure",
            "org_id": "992bf4b9-c900-4850-9992-107b2f9df928",
            "scim_enabled": false,
            "scim_secret_token": ""
          },
          "sensitive_attributes": [],
          "dependencies": [
            "mist_org.terraform_test"
          ]
        }
      ]
    },
    {
      "mode": "managed",
      "type": "mist_org_nacidp",
      "name": "idp_ldap",
      "provider": "provider[\"registry.terraform.io/juniper/mist\"]",
      "instances": [
        {
          "schema_version": 0,
          "attributes": {
            "group_filter": "memberOf",
            "id": "8f41b7fb-80a1-42c9-a363-57f955663eef",
            "idp_type": "ldap",
            "ldap_base_dn": "DC=abc,DC=com",
            "ldap_bind_dn": "CN=admin,CN=users,DC=abc,DC=com",
            "ldap_bind_password": "secret!password",
            "ldap_cacerts": [
              "-----BEGIN CERTIFICATE-----\nMIIFZjCCA06gAwIBAgIIP61/1qm/uDowDQYJKoZIhvcNAQELBQE\n-----END CERTIFICATE-----",
              "-----BEGIN CERTIFICATE-----\nBhMCRVMxFDASBgNVBAoMC1N0YXJ0Q29tIENBMSwwKgYDVn-----END CERTIFICATE-----"
            ],
            "ldap_client_cert": "-----BEGIN CERTIFICATE-----\nMIIFZjCCA06gAwIBAgIIP61/1qm/uDowDQYJKoZIhvcNAQELBQE\n-----END CERTIFICATE-----",
            "ldap_client_key": "-----BEGIN PRI...",
            "ldap_group_attr": null,
            "ldap_group_dn": null,
            "ldap_resolve_groups": null,
            "ldap_server_hosts": [
              "ldap.mycorp.com",
              "1.2.3.4"
            ],
            "ldap_type": "custom",
            "ldap_user_filter": "(mail=%s)",
            "member_filter": "memberOf",
            "name": "idp_ldap",
            "oauth_cc_client_id": null,
            "oauth_cc_client_secret": null,
            "oauth_discovery_url": null,
            "oauth_ping_identity_region": "us",
            "oauth_ropc_client_id": null,
            "oauth_ropc_client_secret": null,
            "oauth_tenant_id": null,
            "oauth_type": null,
            "org_id": "992bf4b9-c900-4850-9992-107b2f9df928",
            "scim_enabled": false,
            "scim_secret_token": ""
          },
          "sensitive_attributes": [],
          "dependencies": [
            "mist_org.terraform_test"
          ]
        }
      ]
    },
    {
      "mode": "managed",
      "type": "mist_org_nactag",
      "name": "nactag_VLAN_Crew451",
      "provider": "provider[\"registry.terraform.io/juniper/mist\"]",
      "instances": [
        {
          "schema_version": 0,
          "attributes": {
            "allow_usermac_override": false,
            "egress_vlan_names": null,
            "gbp_tag": null,
            "id": "33a7b7b5-c979-49a2-b296-41b54ed63da9",
            "match": null,
            "match_all": false,
            "name": "VLAN-Crew451",
            "org_id": "992bf4b9-c900-4850-9992-107b2f9df928",
            "radius_attrs": null,
            "radius_group": null,
            "radius_vendor_attrs": null,
            "session_timeout": null,
            "type": "vlan",
            "values": null,
            "vlan": "451"
          },
          "sensitive_attributes": [],
          "dependencies": [
            "mist_org.terraform_test"
          ]
        }
      ]
    },
    {
      "mode": "managed",
      "type": "mist_org_network",
      "name": "AUTOMATION_VLAN460",
      "provider": "provider[\"registry.terraform.io/juniper/mist\"]",
      "instances": [
        {
          "schema_version": 0,
          "attributes": {
            "disallow_mist_services": true,
            "gateway": null,
            "gateway6": null,
            "id": "f041571b-23f6-440d-8c34-65d3b55b4647",
            "internal_access": null,
            "internet_access": {
              "create_simple_service_policy": false,
              "destination_nat": null,
              "enabled": null,
              "restricted": false,
              "static_nat": null
            },
            "isolation": true,
            "multicast": null,
            "name": "AUTOMATION_VLAN460",
            "org_id": "992bf4b9-c900-4850-9992-107b2f9df928",
            "routed_for_networks": null,
            "subnet": "0.0.0.0/0",
            "subnet6": null,
            "tenants": null,
            "vlan_id": "460",
            "vpn_access": {
              "OrgOverlay": {
                "advertised_subnet": null,
                "allow_ping": null,
                "destination_nat": null,
                "nat_pool": null,
                "no_readvertise_to_lan_bgp": false,
                "no_readvertise_to_lan_ospf": false,
                "no_readvertise_to_overlay": null,
                "other_vrfs": [],
                "routed": true,
                "source_nat": null,
                "static_nat": null,
                "summarized_subnet": null,
                "summarized_subnet_to_lan_bgp": null,
                "summarized_subnet_to_lan_ospf": null
              }
            }
          },
          "sensitive_attributes": [],
          "dependencies": [
            "mist_org.terraform_test"
          ]
        }
      ]
    },
    {
      "mode": "managed",
      "type": "mist_org_network",
      "name": "CORE_VLAN410",
      "provider": "provider[\"registry.terraform.io/juniper/mist\"]",
      "instances": [
        {
          "schema_version": 0,
          "attributes": {
            "disallow_mist_services": true,
            "gateway": null,
            "gateway6": null,
            "id": "2f2a66e6-178d-4b7c-96f5-84900632d671",
            "internal_access": null,
            "internet_access": {
              "create_simple_service_policy": false,
              "destination_nat": null,
              "enabled": null,
              "restricted": false,
              "static_nat": null
            },
            "isolation": true,
            "multicast": null,
            "name": "CORE_VLAN410",
            "org_id": "992bf4b9-c900-4850-9992-107b2f9df928",
            "routed_for_networks": null,
            "subnet": "0.0.0.0/0",
            "subnet6": null,
            "tenants": null,
            "vlan_id": "410",
            "vpn_access": {
              "OrgOverlay": {
                "advertised_subnet": null,
                "allow_ping": null,
                "destination_nat": null,
                "nat_pool": null,
                "no_readvertise_to_lan_bgp": false,
                "no_readvertise_to_lan_ospf": false,
                "no_readvertise_to_overlay": null,
                "other_vrfs": [],
                "routed": true,
                "source_nat": null,
                "static_nat": null,
                "summarized_subnet": null,
                "summarized_subnet_to_lan_bgp": null,
                "summarized_subnet_to_lan_ospf": null
              }
            }
          },
          "sensitive_attributes": [],
          "dependencies": [
            "mist_org.terraform_test"
          ]
        }
      ]
    },
    {
      "mode": "managed",
      "type": "mist_org_network",
      "name": "MANAGEMENT_VLAN430",
      "provider": "provider[\"registry.terraform.io/juniper/mist\"]",
      "instances": [
        {
          "schema_version": 0,
          "attributes": {
            "disallow_mist_services": true,
            "gateway": null,
            "gateway6": null,
            "id": "eb0dbb13-128c-46c4-bf2a-8a63c5c5e7ec",
            "internal_access": null,
            "internet_access": {
              "create_simple_service_policy": false,
              "destination_nat": null,
              "enabled": null,
              "restricted": false,
              "static_nat": null
            },
            "isolation": true,
            "multicast": null,
            "name": "MANAGEMENT_VLAN430",
            "org_id": "992bf4b9-c900-4850-9992-107b2f9df928",
            "routed_for_networks": null,
            "subnet": "0.0.0.0/0",
            "subnet6": null,
            "tenants": null,
            "vlan_id": "430",
            "vpn_access": {
              "OrgOverlay": {
                "advertised_subnet": null,
                "allow_ping": null,
                "destination_nat": null,
                "nat_pool": null,
                "no_readvertise_to_lan_bgp": false,
                "no_readvertise_to_lan_ospf": false,
                "no_readvertise_to_overlay": null,
                "other_vrfs": [],
                "routed": true,
                "source_nat": null,
                "static_nat": null,
                "summarized_subnet": null,
                "summarized_subnet_to_lan_bgp": null,
                "summarized_subnet_to_lan_ospf": null
              }
            }
          },
          "sensitive_attributes": [],
          "dependencies": [
            "mist_org.terraform_test"
          ]
        }
      ]
    },
    {
      "mode": "managed",
      "type": "mist_org_network",
      "name": "RESTRICTED_VLAN420",
      "provider": "provider[\"registry.terraform.io/juniper/mist\"]",
      "instances": [
        {
          "schema_version": 0,
          "attributes": {
            "disallow_mist_services": true,
            "gateway": null,
            "gateway6": null,
            "id": "81a30512-56f1-4269-b501-cccae500cb6c",
            "internal_access": null,
            "internet_access": {
              "create_simple_service_policy": false,
              "destination_nat": null,
              "enabled": null,
              "restricted": false,
              "static_nat": null
            },
            "isolation": true,
            "multicast": null,
            "name": "RESTRICTED_VLAN420",
            "org_id": "992bf4b9-c900-4850-9992-107b2f9df928",
            "routed_for_networks": null,
            "subnet": "0.0.0.0/0",
            "subnet6": null,
            "tenants": null,
            "vlan_id": "420",
            "vpn_access": {
              "OrgOverlay": {
                "advertised_subnet": null,
                "allow_ping": null,
                "destination_nat": null,
                "nat_pool": null,
                "no_readvertise_to_lan_bgp": false,
                "no_readvertise_to_lan_ospf": false,
                "no_readvertise_to_overlay": null,
                "other_vrfs": [],
                "routed": true,
                "source_nat": null,
                "static_nat": null,
                "summarized_subnet": null,
                "summarized_subnet_to_lan_bgp": null,
                "summarized_subnet_to_lan_ospf": null
              }
            }
          },
          "sensitive_attributes": [],
          "dependencies": [
            "mist_org.terraform_test"
          ]
        }
      ]
    },
    {
      "mode": "managed",
      "type": "mist_org_network",
      "name": "UNTRUSTED_VLAN490",
      "provider": "provider[\"registry.terraform.io/juniper/mist\"]",
      "instances": [
        {
          "schema_version": 0,
          "attributes": {
            "disallow_mist_services": true,
            "gateway": null,
            "gateway6": null,
            "id": "69e6ad3a-8b50-4e18-9d66-686ac40000f4",
            "internal_access": null,
            "internet_access": {
              "create_simple_service_policy": false,
              "destination_nat": null,
              "enabled": null,
              "restricted": false,
              "static_nat": null
            },
            "isolation": true,
            "multicast": null,
            "name": "UNTRUSTED_VLAN490",
            "org_id": "992bf4b9-c900-4850-9992-107b2f9df928",
            "routed_for_networks": null,
            "subnet": "0.0.0.0/0",
            "subnet6": null,
            "tenants": null,
            "vlan_id": "490",
            "vpn_access": {
              "OrgOverlay": {
                "advertised_subnet": null,
                "allow_ping": null,
                "destination_nat": null,
                "nat_pool": null,
                "no_readvertise_to_lan_bgp": false,
                "no_readvertise_to_lan_ospf": false,
                "no_readvertise_to_overlay": null,
                "other_vrfs": [],
                "routed": true,
                "source_nat": null,
                "static_nat": null,
                "summarized_subnet": null,
                "summarized_subnet_to_lan_bgp": null,
                "summarized_subnet_to_lan_ospf": null
              }
            }
          },
          "sensitive_attributes": [],
          "dependencies": [
            "mist_org.terraform_test"
          ]
        }
      ]
    },
    {
      "mode": "managed",
      "type": "mist_org_network",
      "name": "test_one",
      "provider": "provider[\"registry.terraform.io/juniper/mist\"]",
      "instances": [
        {
          "schema_version": 0,
          "attributes": {
            "disallow_mist_services": false,
            "gateway": null,
            "gateway6": null,
            "id": "6b63c743-47d5-4993-becb-9111e93c5e37",
            "internal_access": null,
            "internet_access": {
              "create_simple_service_policy": false,
              "destination_nat": {
                ":22": {
                  "internal_ip": "12.12.12.12",
                  "name": "one",
                  "port": "2222",
                  "wan_name": "wan0"
                }
              },
              "enabled": null,
              "restricted": false,
              "static_nat": null
            },
            "isolation": null,
            "multicast": null,
            "name": "test_one",
            "org_id": "992bf4b9-c900-4850-9992-107b2f9df928",
            "routed_for_networks": null,
            "subnet": "12.12.12.0/24",
            "subnet6": null,
            "tenants": null,
            "vlan_id": null,
            "vpn_access": null
          },
          "sensitive_attributes": [],
          "dependencies": [
            "mist_org.terraform_test"
          ]
        }
      ]
    },
    {
      "mode": "managed",
      "type": "mist_org_networktemplate",
      "name": "networktemplate_one",
      "provider": "provider[\"registry.terraform.io/juniper/mist\"]",
      "instances": [
        {
          "schema_version": 0,
          "attributes": {
            "acl_policies": null,
            "acl_tags": null,
            "additional_config_cmds": null,
            "dhcp_snooping": null,
            "dns_servers": null,
            "dns_suffix": null,
            "extra_routes": null,
            "extra_routes6": null,
            "id": "c9e1cc6b-ace9-4b50-a523-cf430ccee1c1",
            "mist_nac": null,
            "name": "My_Provider_Network_Template",
            "networks": {
              "guest_vlan": {
                "gateway": null,
                "gateway6": null,
                "isolation": false,
                "isolation_vlan_id": null,
                "subnet": null,
                "subnet6": null,
                "vlan_id": "10"
              },
              "user_vlan": {
                "gateway": null,
                "gateway6": null,
                "isolation": false,
                "isolation_vlan_id": null,
                "subnet": null,
                "subnet6": null,
                "vlan_id": "11"
              }
            },
            "ntp_servers": null,
            "org_id": "992bf4b9-c900-4850-9992-107b2f9df928",
            "ospf_areas": null,
            "port_mirroring": null,
            "port_usages": {
              "guest": {
                "all_networks": false,
                "allow_dhcpd": null,
                "allow_multiple_supplicants": false,
                "bypass_auth_when_server_down": false,
                "bypass_auth_when_server_down_for_unkonwn_client": false,
                "description": null,
                "disable_autoneg": false,
                "disabled": false,
                "duplex": "auto",
                "dynamic_vlan_networks": [],
                "enable_mac_auth": false,
                "enable_qos": false,
                "guest_network": null,
                "inter_switch_link": false,
                "mac_auth_only": null,
                "mac_auth_preferred": null,
                "mac_auth_protocol": "eap-md5",
                "mac_limit": 0,
                "mode": "access",
                "mtu": null,
                "networks": [],
                "persist_mac": false,
                "poe_disabled": false,
                "port_auth": null,
                "port_network": "guest_vlan",
                "reauth_interval": 3600,
                "reset_default_when": "link_down",
                "rules": null,
                "server_fail_network": null,
                "server_reject_network": null,
                "speed": "auto",
                "storm_control": null,
                "stp_edge": false,
                "stp_no_root_port": false,
                "stp_p2p": false,
                "ui_evpntopo_id": null,
                "use_vstp": false,
                "voip_network": null
              },
              "trunk": {
                "all_networks": true,
                "allow_dhcpd": null,
                "allow_multiple_supplicants": false,
                "bypass_auth_when_server_down": false,
                "bypass_auth_when_server_down_for_unkonwn_client": false,
                "description": null,
                "disable_autoneg": false,
                "disabled": false,
                "duplex": "auto",
                "dynamic_vlan_networks": [],
                "enable_mac_auth": false,
                "enable_qos": false,
                "guest_network": null,
                "inter_switch_link": false,
                "mac_auth_only": null,
                "mac_auth_preferred": null,
                "mac_auth_protocol": "eap-md5",
                "mac_limit": 0,
                "mode": "trunk",
                "mtu": null,
                "networks": [],
                "persist_mac": false,
                "poe_disabled": false,
                "port_auth": null,
                "port_network": "guest_vlan",
                "reauth_interval": 3600,
                "reset_default_when": "link_down",
                "rules": null,
                "server_fail_network": null,
                "server_reject_network": null,
                "speed": "auto",
                "storm_control": null,
                "stp_edge": false,
                "stp_no_root_port": false,
                "stp_p2p": false,
                "ui_evpntopo_id": null,
                "use_vstp": false,
                "voip_network": null
              },
              "user": {
                "all_networks": false,
                "allow_dhcpd": null,
                "allow_multiple_supplicants": false,
                "bypass_auth_when_server_down": false,
                "bypass_auth_when_server_down_for_unkonwn_client": false,
                "description": null,
                "disable_autoneg": false,
                "disabled": false,
                "duplex": "auto",
                "dynamic_vlan_networks": [],
                "enable_mac_auth": false,
                "enable_qos": false,
                "guest_network": null,
                "inter_switch_link": false,
                "mac_auth_only": null,
                "mac_auth_preferred": null,
                "mac_auth_protocol": "eap-md5",
                "mac_limit": 0,
                "mode": "access",
                "mtu": null,
                "networks": [],
                "persist_mac": false,
                "poe_disabled": false,
                "port_auth": "dot1x",
                "port_network": null,
                "reauth_interval": 3600,
                "reset_default_when": "link_down",
                "rules": null,
                "server_fail_network": null,
                "server_reject_network": null,
                "speed": "auto",
                "storm_control": null,
                "stp_edge": false,
                "stp_no_root_port": false,
                "stp_p2p": false,
                "ui_evpntopo_id": null,
                "use_vstp": false,
                "voip_network": null
              }
            },
            "radius_config": {
              "acct_interim_interval": 0,
              "acct_servers": [
                {
                  "host": "1.2.3.4",
                  "keywrap_enabled": null,
                  "keywrap_format": null,
                  "keywrap_kek": null,
                  "keywrap_mack": null,
                  "port": 1813,
                  "secret": "secret"
                }
              ],
              "auth_servers": [
                {
                  "host": "1.2.3.4",
                  "keywrap_enabled": null,
                  "keywrap_format": null,
                  "keywrap_kek": null,
                  "keywrap_mack": null,
                  "port": 1812,
                  "require_message_authenticator": false,
                  "secret": "secret"
                }
              ],
              "auth_servers_retries": 3,
              "auth_servers_timeout": 5,
              "network": "network_one",
              "source_ip": null
            },
            "remote_syslog": null,
            "remove_existing_configs": false,
            "snmp_config": null,
            "switch_matching": {
              "enable": true,
              "rules": [
                {
                  "additional_config_cmds": [],
                  "ip_config": null,
                  "match_model": "",
                  "match_name": "ex",
                  "match_name_offset": 0,
                  "match_role": null,
                  "match_type": "match_name[0:2]",
                  "match_value": "ex",
                  "name": "switch_rule_one",
                  "oob_ip_config": null,
                  "port_config": {
                    "ge-0/0/0-10": {
                      "ae_disable_lacp": null,
                      "ae_idx": null,
                      "ae_lacp_slow": null,
                      "aggregated": false,
                      "critical": null,
                      "description": null,
                      "disable_autoneg": false,
                      "duplex": "auto",
                      "dynamic_usage": null,
                      "esilag": null,
                      "mtu": 1514,
                      "no_local_overwrite": null,
                      "poe_disabled": false,
                      "speed": "auto",
                      "usage": "guest"
                    }
                  },
                  "port_mirroring": null
                }
              ]
            },
            "switch_mgmt": null,
            "vrf_config": null,
            "vrf_instances": null
          },
          "sensitive_attributes": [
            [
              {
                "type": "get_attr",
                "value": "radius_config"
              },
              {
                "type": "get_attr",
                "value": "acct_servers"
              },
              {
                "type": "index",
                "value": {
                  "value": 0,
                  "type": "number"
                }
              },
              {
                "type": "get_attr",
                "value": "secret"
              }
            ],
            [
              {
                "type": "get_attr",
                "value": "radius_config"
              },
              {
                "type": "get_attr",
                "value": "auth_servers"
              },
              {
                "type": "index",
                "value": {
                  "value": 0,
                  "type": "number"
                }
              },
              {
                "type": "get_attr",
                "value": "secret"
              }
            ]
          ],
          "dependencies": [
            "mist_org.terraform_test"
          ]
        }
      ]
    },
    {
      "mode": "managed",
      "type": "mist_org_networktemplate",
      "name": "switch_template",
      "provider": "provider[\"registry.terraform.io/juniper/mist\"]",
      "instances": [
        {
          "schema_version": 0,
          "attributes": {
            "acl_policies": [
              {
                "actions": [
                  {
                    "action": "allow",
                    "dst_tag": "test2"
                  }
                ],
                "name": "acl test",
                "src_tags": [
                  "test"
                ]
              }
            ],
            "acl_tags": {
              "test": {
                "gbp_tag": null,
                "macs": [
                  "deadbeefc0ffee"
                ],
                "network": null,
                "radius_group": null,
                "specs": null,
                "subnets": [],
                "type": "mac"
              },
              "test2": {
                "gbp_tag": null,
                "macs": [],
                "network": null,
                "radius_group": null,
                "specs": null,
                "subnets": [],
                "type": "resource"
              }
            },
            "additional_config_cmds": null,
            "dhcp_snooping": {
              "all_networks": false,
              "enable_arp_spoof_check": true,
              "enable_ip_source_guard": true,
              "enabled": true,
              "networks": [
                "test"
              ]
            },
            "dns_servers": [
              "10.3.51.222"
            ],
            "dns_suffix": [
              "stag.one"
            ],
            "extra_routes": {
              "1.2.0.0/24": {
                "discard": false,
                "metric": null,
                "next_qualified": null,
                "no_resolve": false,
                "preference": null,
                "via": "1.2.3.4"
              }
            },
            "extra_routes6": null,
            "id": "abddbdbe-f574-46e4-ae91-53ae0b103c34",
            "mist_nac": null,
            "name": "switch_template",
            "networks": {
              "test": {
                "gateway": null,
                "gateway6": null,
                "isolation": false,
                "isolation_vlan_id": null,
                "subnet": "1.2.3.0/24",
                "subnet6": null,
                "vlan_id": "10"
              },
              "test2": {
                "gateway": null,
                "gateway6": null,
                "isolation": false,
                "isolation_vlan_id": null,
                "subnet": "1.2.3.0/24",
                "subnet6": null,
                "vlan_id": "11"
              }
            },
            "ntp_servers": [
              "10.3.51.222"
            ],
            "org_id": "992bf4b9-c900-4850-9992-107b2f9df928",
            "ospf_areas": null,
            "port_mirroring": {
              "mcd-sw1-span": {
                "input_networks_ingress": [
                  "CORE"
                ],
                "input_port_ids_egress": [],
                "input_port_ids_ingress": [],
                "output_network": null,
                "output_port_id": "ge-0/0/42"
              },
              "test": {
                "input_networks_ingress": [],
                "input_port_ids_egress": [
                  "ge-0/0/3"
                ],
                "input_port_ids_ingress": [
                  "ge-0/0/3"
                ],
                "output_network": null,
                "output_port_id": "ge-0/0/10"
              },
              "test2": {
                "input_networks_ingress": [
                  "default"
                ],
                "input_port_ids_egress": [],
                "input_port_ids_ingress": [],
                "output_network": "prx",
                "output_port_id": null
              },
              "test3": {
                "input_networks_ingress": [
                  "default"
                ],
                "input_port_ids_egress": [],
                "input_port_ids_ingress": [],
                "output_network": null,
                "output_port_id": "ge-0/0/10"
              }
            },
            "port_usages": {
              "disabled_port": {
                "all_networks": false,
                "allow_dhcpd": null,
                "allow_multiple_supplicants": false,
                "bypass_auth_when_server_down": false,
                "bypass_auth_when_server_down_for_unkonwn_client": false,
                "description": null,
                "disable_autoneg": false,
                "disabled": true,
                "duplex": "auto",
                "dynamic_vlan_networks": [],
                "enable_mac_auth": false,
                "enable_qos": false,
                "guest_network": null,
                "inter_switch_link": false,
                "mac_auth_only": null,
                "mac_auth_preferred": null,
                "mac_auth_protocol": "eap-md5",
                "mac_limit": 0,
                "mode": "access",
                "mtu": null,
                "networks": [],
                "persist_mac": false,
                "poe_disabled": false,
                "port_auth": null,
                "port_network": "default",
                "reauth_interval": 3600,
                "reset_default_when": "link_down",
                "rules": null,
                "server_fail_network": null,
                "server_reject_network": null,
                "speed": "auto",
                "storm_control": null,
                "stp_edge": false,
                "stp_no_root_port": false,
                "stp_p2p": false,
                "ui_evpntopo_id": null,
                "use_vstp": false,
                "voip_network": null
              },
              "test": {
                "all_networks": false,
                "allow_dhcpd": false,
                "allow_multiple_supplicants": true,
                "bypass_auth_when_server_down": true,
                "bypass_auth_when_server_down_for_unkonwn_client": false,
                "description": "test",
                "disable_autoneg": false,
                "disabled": false,
                "duplex": "auto",
                "dynamic_vlan_networks": [],
                "enable_mac_auth": true,
                "enable_qos": true,
                "guest_network": "test",
                "inter_switch_link": false,
                "mac_auth_only": false,
                "mac_auth_preferred": null,
                "mac_auth_protocol": "pap",
                "mac_limit": 10,
                "mode": "access",
                "mtu": 1500,
                "networks": [],
                "persist_mac": false,
                "poe_disabled": false,
                "port_auth": "dot1x",
                "port_network": "test2",
                "reauth_interval": 3600,
                "reset_default_when": "link_down",
                "rules": null,
                "server_fail_network": null,
                "server_reject_network": null,
                "speed": "auto",
                "storm_control": {
                  "no_broadcast": true,
                  "no_multicast": true,
                  "no_registered_multicast": true,
                  "no_unknown_unicast": true,
                  "percentage": 75
                },
                "stp_edge": true,
                "stp_no_root_port": false,
                "stp_p2p": false,
                "ui_evpntopo_id": null,
                "use_vstp": false,
                "voip_network": "test2"
              },
              "trunk": {
                "all_networks": false,
                "allow_dhcpd": null,
                "allow_multiple_supplicants": false,
                "bypass_auth_when_server_down": false,
                "bypass_auth_when_server_down_for_unkonwn_client": false,
                "description": null,
                "disable_autoneg": false,
                "disabled": false,
                "duplex": "auto",
                "dynamic_vlan_networks": [],
                "enable_mac_auth": false,
                "enable_qos": false,
                "guest_network": null,
                "inter_switch_link": false,
                "mac_auth_only": null,
                "mac_auth_preferred": null,
                "mac_auth_protocol": "eap-md5",
                "mac_limit": 0,
                "mode": "trunk",
                "mtu": null,
                "networks": [],
                "persist_mac": false,
                "poe_disabled": false,
                "port_auth": null,
                "port_network": null,
                "reauth_interval": 3600,
                "reset_default_when": "link_down",
                "rules": null,
                "server_fail_network": null,
                "server_reject_network": null,
                "speed": "auto",
                "storm_control": null,
                "stp_edge": false,
                "stp_no_root_port": false,
                "stp_p2p": false,
                "ui_evpntopo_id": null,
                "use_vstp": false,
                "voip_network": null
              }
            },
            "radius_config": {
              "acct_interim_interval": 60,
              "acct_servers": [
                {
                  "host": "1.2.3.4",
                  "keywrap_enabled": null,
                  "keywrap_format": null,
                  "keywrap_kek": null,
                  "keywrap_mack": null,
                  "port": 1813,
                  "secret": "secret"
                }
              ],
              "auth_servers": [
                {
                  "host": "1.2.3.4",
                  "keywrap_enabled": null,
                  "keywrap_format": null,
                  "keywrap_kek": null,
                  "keywrap_mack": null,
                  "port": 1812,
                  "require_message_authenticator": false,
                  "secret": "secret"
                }
              ],
              "auth_servers_retries": 3,
              "auth_servers_timeout": 5,
              "network": "test",
              "source_ip": null
            },
            "remote_syslog": {
              "archive": {
                "files": 2,
                "size": "5m"
              },
              "console": {
                "contents": [
                  {
                    "facility": "kernel",
                    "severity": "alert"
                  }
                ]
              },
              "enabled": true,
              "files": null,
              "network": "test",
              "send_to_all_servers": false,
              "servers": [
                {
                  "contents": [
                    {
                      "facility": "any",
                      "severity": "any"
                    }
                  ],
                  "explicit_priority": null,
                  "facility": "any",
                  "host": "1.2.3.4",
                  "match": null,
                  "port": 514,
                  "protocol": "udp",
                  "routing_instance": null,
                  "severity": "any",
                  "source_address": null,
                  "structured_data": null,
                  "tag": null
                }
              ],
              "time_format": null,
              "users": null
            },
            "remove_existing_configs": false,
            "snmp_config": null,
            "switch_matching": {
              "enable": true,
              "rules": [
                {
                  "additional_config_cmds": [
                    "set system name-server 8.8.8.8"
                  ],
                  "ip_config": {
                    "network": "test",
                    "type": "static"
                  },
                  "match_model": "",
                  "match_name": "abc",
                  "match_name_offset": 0,
                  "match_role": "access",
                  "match_type": "match_name[0:3]",
                  "match_value": "abc",
                  "name": "access",
                  "oob_ip_config": {
                    "type": "dhcp",
                    "use_mgmt_vrf": false,
                    "use_mgmt_vrf_for_host_out": false
                  },
                  "port_config": {
                    "ge-0/0/0-10": {
                      "ae_disable_lacp": null,
                      "ae_idx": null,
                      "ae_lacp_slow": null,
                      "aggregated": false,
                      "critical": null,
                      "description": null,
                      "disable_autoneg": false,
                      "duplex": "auto",
                      "dynamic_usage": null,
                      "esilag": null,
                      "mtu": 1514,
                      "no_local_overwrite": null,
                      "poe_disabled": false,
                      "speed": "auto",
                      "usage": "trunk"
                    }
                  },
                  "port_mirroring": {
                    "test": {
                      "input_networks_ingress": [],
                      "input_port_ids_egress": [
                        "ge-0/0/3"
                      ],
                      "input_port_ids_ingress": [
                        "ge-0/0/3"
                      ],
                      "output_network": null,
                      "output_port_id": "ge-0/0/10"
                    },
                    "test2": {
                      "input_networks_ingress": [
                        "default"
                      ],
                      "input_port_ids_egress": [],
                      "input_port_ids_ingress": [],
                      "output_network": "prx",
                      "output_port_id": null
                    },
                    "test3": {
                      "input_networks_ingress": [
                        "default"
                      ],
                      "input_port_ids_egress": [],
                      "input_port_ids_ingress": [],
                      "output_network": null,
                      "output_port_id": "ge-0/0/1"
                    }
                  }
                },
                {
                  "additional_config_cmds": [
                    "set system name-server 8.8.8.8"
                  ],
                  "ip_config": null,
                  "match_model": "",
                  "match_name": "",
                  "match_name_offset": 0,
                  "match_role": "core",
                  "match_type": "",
                  "match_value": "",
                  "name": "core",
                  "oob_ip_config": null,
                  "port_config": {
                    "ge-0/0/0-10": {
                      "ae_disable_lacp": null,
                      "ae_idx": null,
                      "ae_lacp_slow": null,
                      "aggregated": false,
                      "critical": null,
                      "description": null,
                      "disable_autoneg": false,
                      "duplex": "auto",
                      "dynamic_usage": null,
                      "esilag": null,
                      "mtu": 1514,
                      "no_local_overwrite": null,
                      "poe_disabled": false,
                      "speed": "auto",
                      "usage": "trunk"
                    }
                  },
                  "port_mirroring": null
                },
                {
                  "additional_config_cmds": [],
                  "ip_config": null,
                  "match_model": "",
                  "match_name": "",
                  "match_name_offset": 0,
                  "match_role": "issue",
                  "match_type": "",
                  "match_value": "",
                  "name": "issue",
                  "oob_ip_config": null,
                  "port_config": {
                    "ge-0/0/0-10": {
                      "ae_disable_lacp": null,
                      "ae_idx": null,
                      "ae_lacp_slow": null,
                      "aggregated": false,
                      "critical": null,
                      "description": null,
                      "disable_autoneg": false,
                      "duplex": "auto",
                      "dynamic_usage": null,
                      "esilag": null,
                      "mtu": 1514,
                      "no_local_overwrite": null,
                      "poe_disabled": false,
                      "speed": "auto",
                      "usage": "trunk"
                    }
                  },
                  "port_mirroring": null
                }
              ]
            },
            "switch_mgmt": {
              "ap_affinity_threshold": 12,
              "cli_banner": "Weclome!",
              "cli_idle_timeout": 10,
              "config_revert_timer": 5,
              "dhcp_option_fqdn": false,
              "disable_oob_down_alarm": null,
              "local_accounts": null,
              "mxedge_proxy_host": null,
              "mxedge_proxy_port": 2222,
              "protect_re": {
                "allowed_services": [
                  "icmp",
                  "ssh"
                ],
                "custom": [
                  {
                    "port_range": "0",
                    "protocol": "icmp",
                    "subnets": [
                      "1.2.3.4"
                    ]
                  }
                ],
                "enabled": true,
                "trusted_hosts": [
                  "1.2.3.4",
                  "10.0.0.1/24"
                ]
              },
              "root_password": "Juniper123!",
              "tacacs": null,
              "use_mxedge_proxy": null
            },
            "vrf_config": {
              "enabled": true
            },
            "vrf_instances": {
              "test": {
                "extra_routes": {
                  "1.2.3.0/24": {
                    "via": "10.10.10.10"
                  }
                },
                "networks": [
                  "test",
                  "test2"
                ]
              }
            }
          },
          "sensitive_attributes": [
            [
              {
                "type": "get_attr",
                "value": "radius_config"
              },
              {
                "type": "get_attr",
                "value": "acct_servers"
              },
              {
                "type": "index",
                "value": {
                  "value": 0,
                  "type": "number"
                }
              },
              {
                "type": "get_attr",
                "value": "secret"
              }
            ],
            [
              {
                "type": "get_attr",
                "value": "radius_config"
              },
              {
                "type": "get_attr",
                "value": "auth_servers"
              },
              {
                "type": "index",
                "value": {
                  "value": 0,
                  "type": "number"
                }
              },
              {
                "type": "get_attr",
                "value": "secret"
              }
            ],
            [
              {
                "type": "get_attr",
                "value": "switch_mgmt"
              },
              {
                "type": "get_attr",
                "value": "root_password"
              }
            ]
          ],
          "dependencies": [
            "mist_org.terraform_test"
          ]
        }
      ]
    },
    {
      "mode": "managed",
      "type": "mist_org_rftemplate",
      "name": "example",
      "provider": "provider[\"registry.terraform.io/juniper/mist\"]",
      "instances": [
        {
          "schema_version": 0,
          "attributes": {
            "ant_gain_24": 0,
            "ant_gain_5": 0,
            "ant_gain_6": 0,
            "band_24": null,
            "band_24_usage": null,
            "band_5": null,
            "band_5_on_24_radio": null,
            "band_6": null,
            "country_code": "US",
            "id": "95e0922b-f63e-48c9-94b2-83c3fe6fb076",
            "model_specific": null,
            "name": "Integration_Template_Test",
            "org_id": "992bf4b9-c900-4850-9992-107b2f9df928",
            "scanning_enabled": null
          },
          "sensitive_attributes": [],
          "dependencies": [
            "mist_org.terraform_test"
          ]
        }
      ]
    },
    {
      "mode": "managed",
      "type": "mist_org_service",
      "name": "service11",
      "provider": "provider[\"registry.terraform.io/juniper/mist\"]",
      "instances": [
        {
          "schema_version": 0,
          "attributes": {
            "addresses": [],
            "app_categories": [
              "Advertisement",
              "FileSharing"
            ],
            "app_subcategories": [],
            "apps": [],
            "description": null,
            "dscp": null,
            "failover_policy": "revertable",
            "hostnames": [],
            "id": "ac208327-9ae3-4fcf-9874-ef3c359e99c4",
            "max_jitter": null,
            "max_latency": null,
            "max_loss": null,
            "name": "public_url_block",
            "org_id": "992bf4b9-c900-4850-9992-107b2f9df928",
            "sle_enabled": false,
            "specs": null,
            "ssr_relaxed_tcp_state_enforcement": false,
            "traffic_class": "best_effort",
            "traffic_type": "default",
            "type": "app_categories",
            "urls": []
          },
          "sensitive_attributes": [],
          "dependencies": [
            "mist_org.terraform_test"
          ]
        }
      ]
    },
    {
      "mode": "managed",
      "type": "mist_org_service",
      "name": "service143",
      "provider": "provider[\"registry.terraform.io/juniper/mist\"]",
      "instances": [
        {
          "schema_version": 0,
          "attributes": {
            "addresses": [],
            "app_categories": [],
            "app_subcategories": [],
            "apps": [
              "office365"
            ],
            "description": "App for detecting office 365",
            "dscp": null,
            "failover_policy": "revertable",
            "hostnames": [],
            "id": "072d7c12-d8a3-43ea-90da-5193038162af",
            "max_jitter": null,
            "max_latency": null,
            "max_loss": null,
            "name": "XX-office365",
            "org_id": "992bf4b9-c900-4850-9992-107b2f9df928",
            "sle_enabled": false,
            "specs": null,
            "ssr_relaxed_tcp_state_enforcement": false,
            "traffic_class": "best_effort",
            "traffic_type": "default",
            "type": "apps",
            "urls": []
          },
          "sensitive_attributes": [],
          "dependencies": [
            "mist_org.terraform_test"
          ]
        }
      ]
    },
    {
      "mode": "managed",
      "type": "mist_org_servicepolicy",
      "name": "test1",
      "provider": "provider[\"registry.terraform.io/juniper/mist\"]",
      "instances": [
        {
          "schema_version": 0,
          "attributes": {
            "action": "allow",
            "appqoe": null,
            "ewf": null,
            "id": "38d16960-f7e4-4d62-96df-7a4dfdf3987d",
            "idp": {
              "alert_only": null,
              "enabled": false,
              "idpprofile_id": null,
              "profile": "strict"
            },
            "local_routing": false,
            "name": "Policy-1",
            "org_id": "992bf4b9-c900-4850-9992-107b2f9df928",
            "path_preference": null,
            "services": [
              "any"
            ],
            "tenants": [
              "CORE_VLAN410"
            ]
          },
          "sensitive_attributes": [],
          "dependencies": [
            "mist_org.terraform_test"
          ]
        }
      ]
    },
    {
      "mode": "managed",
      "type": "mist_org_servicepolicy",
      "name": "test2",
      "provider": "provider[\"registry.terraform.io/juniper/mist\"]",
      "instances": [
        {
          "schema_version": 0,
          "attributes": {
            "action": "allow",
            "appqoe": null,
            "ewf": null,
            "id": "fa49070a-4a30-465d-abb0-813ff466950e",
            "idp": null,
            "local_routing": false,
            "name": "Policy-3",
            "org_id": "992bf4b9-c900-4850-9992-107b2f9df928",
            "path_preference": null,
            "services": [
              "any"
            ],
            "tenants": [
              "MANAGEMENT_VLAN430"
            ]
          },
          "sensitive_attributes": [],
          "dependencies": [
            "mist_org.terraform_test"
          ]
        }
      ]
    },
    {
      "mode": "managed",
      "type": "mist_org_servicepolicy",
      "name": "test3",
      "provider": "provider[\"registry.terraform.io/juniper/mist\"]",
      "instances": [
        {
          "schema_version": 0,
          "attributes": {
            "action": "allow",
            "appqoe": null,
            "ewf": null,
            "id": "3f9afb7c-276e-4f4e-a6d1-73e442b2e9bd",
            "idp": null,
            "local_routing": false,
            "name": "Policy-2",
            "org_id": "992bf4b9-c900-4850-9992-107b2f9df928",
            "path_preference": null,
            "services": [
              "any"
            ],
            "tenants": [
              "cctv-b.PRD-IoT"
            ]
          },
          "sensitive_attributes": [],
          "dependencies": [
            "mist_org.terraform_test"
          ]
        }
      ]
    },
    {
      "mode": "managed",
      "type": "mist_org_servicepolicy",
      "name": "test4",
      "provider": "provider[\"registry.terraform.io/juniper/mist\"]",
      "instances": [
        {
          "schema_version": 0,
          "attributes": {
            "action": "allow",
            "appqoe": null,
            "ewf": null,
            "id": "82dec8a3-1b6d-4ecf-9daf-48ab4bfc8b60",
            "idp": null,
            "local_routing": false,
            "name": "UDP-ZERO-DATA-DNS-GOOGLE",
            "org_id": "992bf4b9-c900-4850-9992-107b2f9df928",
            "path_preference": null,
            "services": [
              "Internet"
            ],
            "tenants": [
              "saltlake-lan2"
            ]
          },
          "sensitive_attributes": [],
          "dependencies": [
            "mist_org.terraform_test"
          ]
        }
      ]
    },
    {
      "mode": "managed",
      "type": "mist_org_servicepolicy",
      "name": "test5",
      "provider": "provider[\"registry.terraform.io/juniper/mist\"]",
      "instances": [
        {
          "schema_version": 0,
          "attributes": {
            "action": "allow",
            "appqoe": null,
            "ewf": null,
            "id": "ca4de8ac-d29b-4d60-aedc-26e178774ef8",
            "idp": {
              "alert_only": null,
              "enabled": false,
              "idpprofile_id": null,
              "profile": "strict"
            },
            "local_routing": false,
            "name": "access-to-rfc1918",
            "org_id": "992bf4b9-c900-4850-9992-107b2f9df928",
            "path_preference": null,
            "services": [
              "rfc1918"
            ],
            "tenants": [
              "corp_datacenter1",
              "corp_datacenter2",
              "core_dc2_network",
              "mgmt_datacenter1",
              "mgmt_datacenter2",
              "corp_network",
              "mgmt_network"
            ]
          },
          "sensitive_attributes": [],
          "dependencies": [
            "mist_org.terraform_test"
          ]
        }
      ]
    },
    {
      "mode": "managed",
      "type": "mist_org_servicepolicy",
      "name": "test6",
      "provider": "provider[\"registry.terraform.io/juniper/mist\"]",
      "instances": [
        {
          "schema_version": 0,
          "attributes": {
            "action": "allow",
            "appqoe": null,
            "ewf": null,
            "id": "00008701-f290-41dc-add4-e6034fe303e4",
            "idp": {
              "alert_only": true,
              "enabled": true,
              "idpprofile_id": null,
              "profile": "standard"
            },
            "local_routing": false,
            "name": "Guest-IDP",
            "org_id": "992bf4b9-c900-4850-9992-107b2f9df928",
            "path_preference": null,
            "services": [
              "guest-internet"
            ],
            "tenants": [
              "guest"
            ]
          },
          "sensitive_attributes": [],
          "dependencies": [
            "mist_org.terraform_test"
          ]
        }
      ]
    },
    {
      "mode": "managed",
      "type": "mist_org_setting",
      "name": "terraform_test",
      "provider": "provider[\"registry.terraform.io/juniper/mist\"]",
      "instances": [
        {
          "schema_version": 0,
          "attributes": {
            "ap_updown_threshold": 10,
            "api_policy": null,
            "cacerts": null,
            "celona": null,
            "cloudshark": null,
            "cradlepoint": null,
            "device_cert": null,
            "device_updown_threshold": 10,
            "disable_pcap": false,
            "disable_remote_shell": false,
            "gateway_updown_threshold": 10,
            "installer": null,
            "jcloud": null,
            "jcloud_ra": null,
            "juniper": null,
            "mgmt": null,
            "mist_nac": {
              "cacerts": [],
              "default_idp_id": "52e4bd4b-872c-4592-9a56-5c46f53b1fb1",
              "disable_rsae_algorithms": false,
              "eap_ssl_security_level": 2,
              "eu_only": false,
              "idp_machine_cert_lookup_field": "automatic",
              "idp_user_cert_lookup_field": "automatic",
              "idps": [
                {
                  "exclude_realms": [],
                  "id": "52e4bd4b-872c-4592-9a56-5c46f53b1fb1",
                  "user_realms": [
                    "nacidpazure.com"
                  ]
                }
              ],
              "server_cert": null,
              "use_ip_version": "v4",
              "use_ssl_port": false
            },
            "mxedge_fips_enabled": false,
            "mxedge_mgmt": {
              "fips_enabled": false,
              "mist_password": "mist_secret_passowrd",
              "oob_ip_type": "dhcp",
              "oob_ip_type6": "disabled",
              "root_password": "root_secret_password"
            },
            "optic_port_config": null,
            "org_id": "992bf4b9-c900-4850-9992-107b2f9df928",
            "password_policy": {
              "enabled": false,
              "expiry_in_days": null,
              "min_length": 12,
              "requires_special_char": true,
              "requires_two_factor_auth": false
            },
            "pcap": null,
            "security": {
              "disable_local_ssh": false,
              "fips_zeroize_password": null,
              "limit_ssh_access": false
            },
            "switch_mgmt": null,
            "switch_updown_threshold": 10,
            "synthetic_test": {
              "disabled": false,
              "vlans": [
                {
                  "custom_test_urls": [
                    "http://www.abc.com/",
                    "https://10.3.5.1:8080/about"
                  ],
                  "disabled": false,
                  "vlan_ids": [
                    "10",
                    "30"
                  ]
                },
                {
                  "custom_test_urls": [],
                  "disabled": true,
                  "vlan_ids": [
                    "20"
                  ]
                }
              ],
              "wan_speedtest": null
            },
            "ui_idle_timeout": 0,
            "vpn_options": null,
            "wan_pma": null,
            "wired_pma": null,
            "wireless_pma": null
          },
          "sensitive_attributes": [
            [
              {
                "type": "get_attr",
                "value": "security"
              },
              {
                "type": "get_attr",
                "value": "fips_zeroize_password"
              }
            ],
            [
              {
                "type": "get_attr",
                "value": "mxedge_mgmt"
              },
              {
                "type": "get_attr",
                "value": "root_password"
              }
            ],
            [
              {
                "type": "get_attr",
                "value": "mxedge_mgmt"
              },
              {
                "type": "get_attr",
                "value": "mist_password"
              }
            ]
          ],
          "dependencies": [
            "mist_org.terraform_test",
            "mist_org_nacidp.idp_azure"
          ]
        }
      ]
    },
    {
      "mode": "managed",
      "type": "mist_org_sitegroup",
      "name": "test_group",
      "provider": "provider[\"registry.terraform.io/juniper/mist\"]",
      "instances": [
        {
          "schema_version": 0,
          "attributes": {
            "id": "d95de670-03bd-437a-aad2-fdc6f6dad779",
            "name": "test group",
            "org_id": "992bf4b9-c900-4850-9992-107b2f9df928"
          },
          "sensitive_attributes": [],
          "dependencies": [
            "mist_org.terraform_test"
          ]
        }
      ]
    },
    {
      "mode": "managed",
      "type": "mist_org_sitegroup",
      "name": "test_group2",
      "provider": "provider[\"registry.terraform.io/juniper/mist\"]",
      "instances": [
        {
          "schema_version": 0,
          "attributes": {
            "id": "8d2346af-5827-4b2d-9e45-25e5f0e9d1fc",
            "name": "test group2b",
            "org_id": "992bf4b9-c900-4850-9992-107b2f9df928"
          },
          "sensitive_attributes": [],
          "dependencies": [
            "mist_org.terraform_test"
          ]
        }
      ]
    },
    {
      "mode": "managed",
      "type": "mist_org_sso",
      "name": "admin_sso",
      "provider": "provider[\"registry.terraform.io/juniper/mist\"]",
      "instances": [
        {
          "schema_version": 0,
          "attributes": {
            "custom_logout_url": "https://idp.com/logout",
            "default_role": null,
            "domain": "68mcpf7u",
            "id": "8d802a99-cbe5-4a11-9d74-5e4ad1fee58d",
            "idp_cert": "-----BEGIN CERTIFICATE-----MIIF0jCCA7qgAwIBAgIBATANBgkqhkiG9w0BAQsFADBbMQswCQYDVQQGEwJVUzENMAsGA1UECgwETWlzdDEOMAwGA1UECwwFT3JnQ0ExLTArBgNVBAMMJDk5MmJmNGI5LWM5MDAtNDg1MC05OTkyLTEwN2IyZjlkZjkyODAeFw0yNDA3MTExMjIxNTBaFw0zNDA3MDkxMjIxNTBaMFsxCzAJBgNVBAYTAlVTMQ0wCwYDVQQKDARNaXN0MQ4wDAYDVQQLDAVPcmdDQTEtMCsGA1UEAwwkOTkyYmY0YjktYzkwMC00ODUwLTk5OTItMTA3YjJmOWRmOTI4MIICIjANBgkqhkiG9w0BAQEFAAOCAg8AMIICCgKCAgEApfdNlmu78olZo5BqJw7KSXhhTDnN0XvYrUQJphRIBrC26/zNPj4/+mH9koM/nprV8KFRxbg4Elu0n32K8iCKtegeLrPMzkbkqtjdR22C8x38X+JnQgxoZfASGros+PkHhFiLumbKYaMlnu4zs5BXiXBqobpKLC2MSelsJxYu3GJwJDOnxKb757b4bdcueC+609wfz15cxRCsKvvmO/ZcPidPZsZU4so3G5PPYBDFCzvFv7b3i43g8zHREZ8knMZsgM78yNTEPDoVBe9Nvvaxqv4g4zZ7NA7fJ5mCbK7CBsuHhnAt8lkDJlRVTBjDE9Z4RW7ChLKMvq17HMaxr4AizOclD3jhlOYMlRskd4gh2VEYKZRUbZrwulC3AWrIDG+60FPY6WCPyFC7uP8k4pq2pgTsmOctWvS/fJmCz8Yi62D36HhMtzb8ddOq4wpOTnL7WuhxKUblsXNuzjEbQwB9EYvHVmyxr2s1Uu+RGOaE/YHu0PsNNESIMgeUmzkDjM17qfHVEoR8VKzYxol9nlKG6f9YjFGa637dPpd+SPxv0fH9SUuUCPJcMB8AT22ufC0n3CEAp/6QOm5NjOvrMM51FRgfWU13KINmv3EHiDo6EMJrYwRrxCDLoS+8gB/j3ErcHLm1FJ3oIkOfkeUqETA9mdvIBMBtPcgW/JFpe+MQdIsCAwEAAaOBoDCBnTAvBgNVHREEKDAmgiQ5OTJiZjRiOS1jOTAwLTQ4NTAtOTk5Mi0xMDdiMmY5ZGY5MjgwDwYDVR0TAQH/BAUwAwEB/zBZBgNVHR8EUjBQME6gTKBKhkhodHRwOi8vYXBpLm1pc3QuY29tL2FwaS92MS9vcmdzLzk5MmJmNGI5LWM5MDAtNDg1MC05OTkyLTEwN2IyZjlkZjkyOC9jcmwwDQYJKoZIhvcNAQELBQADggIBAAzhXvOWj+sOqCFddBBsezW19nY1KgEgO3MFZHVuwrNpcfHVsXaY4YMmp93OawYKJKOBYpyZXRtajb/3kuGdPHHxX5+aOG0X+HNeCPzxI9xOTG3wjZ/Zr5xDKV7VsxuMyLQf0QdciLMk5q1TbZftzxSKvd0JlRO/cQNw1zocP0bcnp9t1loNcLlw7joh3qibdTj9bpHm958DgCk5WaRdsVHABLHPaPIHx07kDFedY6pGo2QILe1/6sPidxJek1yszOdWcwXeSJ+UEl4UsWNftM5E2QBib4iVr2fhKUuiOHeVnpWPCVAKG1SObfK/2uWTYItjl9ZjgIydo2rz5V0Oa6p1ftx8h9GEkAHUAJjMcHzL7u1vv+t3J029z3W1GN3Ndhox9XzEWxoQf2WdKWmAZErgZFwfDURwW0tyP1A+jAH6UK0dQJweVAo5a0HdY21x/fQz8MoLwa2oG8Y1CcrOJywZG48ll+6As0HkIrLZ1ciwJJS5s4gBu8q4/2y/XSdxaK+LmM1WdsJgYM+7PBuW5Xkf9j+n4tIMRj851cwgMk4CU3PNQP2BqOcFHKaf+v2JystzYdM2k1H9zcQMmNIMpo2VMaq+nJJYF0f4myVCEyO5T3kQLEAQWPnVJua1mXUhOSQqRBO4A6Uk8TWKyshvo0tERubwpP6iTTJWV/fSCGx7-----END CERTIFICATE-----",
            "idp_sign_algo": "sha512",
            "idp_sso_url": "https://idp.com/login",
            "ignore_unmatched_roles": null,
            "issuer": "idp_issuer",
            "name": "admin_sso",
            "nameid_format": "email",
            "org_id": "992bf4b9-c900-4850-9992-107b2f9df928",
            "role_attr_extraction": null,
            "role_attr_from": "Role"
          },
          "sensitive_attributes": [],
          "dependencies": [
            "mist_org.terraform_test"
          ]
        }
      ]
    },
    {
      "mode": "managed",
      "type": "mist_org_sso_role",
      "name": "sso_role_one",
      "provider": "provider[\"registry.terraform.io/juniper/mist\"]",
      "instances": [
        {
          "schema_version": 0,
          "attributes": {
            "id": "cb7545ef-a4af-4c51-b152-c108bfab6545",
            "name": "admin_sso",
            "org_id": "992bf4b9-c900-4850-9992-107b2f9df928",
            "privileges": [
              {
                "role": "read",
                "scope": "site",
                "site_id": "eb44b2dd-88ff-4468-b6c9-3ab39cbaff62",
                "sitegroup_id": null
              }
            ]
          },
          "sensitive_attributes": [],
          "dependencies": [
            "mist_org.terraform_test",
            "mist_site.terraform_site"
          ]
        }
      ]
    },
    {
      "mode": "managed",
      "type": "mist_org_sso_role",
      "name": "sso_role_two",
      "provider": "provider[\"registry.terraform.io/juniper/mist\"]",
      "instances": [
        {
          "schema_version": 0,
          "attributes": {
            "id": "73b372f1-85c6-4300-9106-127f7c35efad",
            "name": "admin_sso_two",
            "org_id": "992bf4b9-c900-4850-9992-107b2f9df928",
            "privileges": [
              {
                "role": "read",
                "scope": "site",
                "site_id": "eb44b2dd-88ff-4468-b6c9-3ab39cbaff62",
                "sitegroup_id": null
              },
              {
                "role": "write",
                "scope": "site",
                "site_id": "4e5e70d6-29fa-429a-9762-b1cb63e78b15",
                "sitegroup_id": null
              }
            ]
          },
          "sensitive_attributes": [],
          "dependencies": [
            "mist_org.terraform_test",
            "mist_site.site_two",
            "mist_site.terraform_site"
          ]
        }
      ]
    },
    {
      "mode": "managed",
      "type": "mist_org_webhook",
      "name": "webhook_one",
      "provider": "provider[\"registry.terraform.io/juniper/mist\"]",
      "instances": [
        {
          "schema_version": 0,
          "attributes": {
            "enabled": false,
            "headers": null,
            "id": "732477e8-0c65-479b-8743-cc20440c07a7",
            "name": "test",
            "oauth2_client_id": null,
            "oauth2_client_secret": null,
            "oauth2_grant_type": null,
            "oauth2_password": null,
            "oauth2_scopes": null,
            "oauth2_token_url": null,
            "oauth2_username": null,
            "org_id": "992bf4b9-c900-4850-9992-107b2f9df928",
            "secret": null,
            "splunk_token": null,
            "topics": [
              "audits"
            ],
            "type": "http-post",
            "url": "https://test.com",
            "verify_cert": true
          },
          "sensitive_attributes": [
            [
              {
                "type": "get_attr",
                "value": "oauth2_password"
              }
            ],
            [
              {
                "type": "get_attr",
                "value": "secret"
              }
            ],
            [
              {
                "type": "get_attr",
                "value": "splunk_token"
              }
            ],
            [
              {
                "type": "get_attr",
                "value": "oauth2_client_secret"
              }
            ]
          ],
          "dependencies": [
            "mist_org.terraform_test"
          ]
        }
      ]
    },
    {
      "mode": "managed",
      "type": "mist_org_wlan",
      "name": "test_open",
      "provider": "provider[\"registry.terraform.io/juniper/mist\"]",
      "instances": [
        {
          "schema_version": 0,
          "attributes": {
            "acct_immediate_update": false,
            "acct_interim_interval": 0,
            "acct_servers": [],
            "airwatch": {
              "api_key": "",
              "console_url": "",
              "enabled": false,
              "password": "",
              "username": ""
            },
            "allow_ipv6_ndp": true,
            "allow_mdns": false,
            "allow_ssdp": false,
            "ap_ids": null,
            "app_limit": {
              "apps": {},
              "enabled": false,
              "wxtag_ids": {}
            },
            "app_qos": {
              "apps": null,
              "enabled": false,
              "others": null
            },
            "apply_to": "site",
            "arp_filter": false,
            "auth": {
              "anticlog_threshold": null,
              "eap_reauth": false,
              "enable_mac_auth": false,
              "key_idx": 1,
              "keys": [
                "",
                "",
                "",
                ""
              ],
              "multi_psk_only": false,
              "owe": null,
              "pairwise": [],
              "private_wlan": false,
              "psk": "",
              "type": "open",
              "wep_as_secondary_auth": null
            },
            "auth_server_selection": "ordered",
            "auth_servers": [],
            "auth_servers_nas_id": "",
            "auth_servers_nas_ip": "",
            "auth_servers_retries": 2,
            "auth_servers_timeout": 5,
            "band_steer": false,
            "band_steer_force_band5": false,
            "bands": [
              "5",
              "6"
            ],
            "block_blacklist_clients": false,
            "bonjour": {
              "additional_vlan_ids": [],
              "enabled": null,
              "services": null
            },
            "cisco_cwa": {
              "allowed_hostnames": [],
              "allowed_subnets": [],
              "blocked_subnets": [],
              "enabled": false
            },
            "client_limit_down": 1000,
            "client_limit_down_enabled": false,
            "client_limit_up": 512,
            "client_limit_up_enabled": false,
            "coa_servers": [],
            "disable_11ax": false,
            "disable_ht_vht_rates": false,
            "disable_uapsd": false,
            "disable_v1_roam_notify": false,
            "disable_v2_roam_notify": false,
            "disable_when_gateway_unreachable": null,
            "disable_when_mxtunnel_down": null,
            "disable_wmm": false,
            "dns_server_rewrite": {
              "enabled": false,
              "radius_groups": {}
            },
            "dtim": 2,
            "dynamic_psk": null,
            "dynamic_vlan": null,
            "enable_local_keycaching": false,
            "enable_wireless_bridging": false,
            "enable_wireless_bridging_dhcp_tracking": false,
            "enabled": true,
            "fast_dot1x_timers": false,
            "hide_ssid": false,
            "hostname_ie": false,
            "hotspot20": {
              "domain_name": [],
              "enabled": false,
              "nai_realms": [],
              "operators": [],
              "rcoi": [],
              "venue_name": null
            },
            "id": "25aa1c90-2e8c-40c5-a1e8-0231ad565a6c",
            "inject_dhcp_option_82": null,
            "interface": "all",
            "isolation": false,
            "l2_isolation": false,
            "legacy_overds": false,
            "limit_bcast": false,
            "limit_probe_response": false,
            "max_idletime": 1800,
            "max_num_clients": 0,
            "mist_nac": {
              "enabled": false
            },
            "msp_id": "",
            "mxtunnel_ids": null,
            "mxtunnel_name": null,
            "no_static_dns": false,
            "no_static_ip": false,
            "org_id": "992bf4b9-c900-4850-9992-107b2f9df928",
            "portal": {
              "allow_wlan_id_roam": null,
              "amazon_client_id": "",
              "amazon_client_secret": "",
              "amazon_email_domains": [],
              "amazon_enabled": false,
              "amazon_expire": null,
              "auth": "none",
              "azure_client_id": "",
              "azure_client_secret": "",
              "azure_enabled": false,
              "azure_expire": null,
              "azure_tenant_id": "",
              "broadnet_password": "",
              "broadnet_sid": null,
              "broadnet_user_id": null,
              "bypass_when_cloud_down": false,
              "clickatell_api_key": null,
              "cross_site": null,
              "email_enabled": true,
              "enabled": true,
              "expire": 60,
              "external_portal_url": "",
              "facebook_client_id": "",
              "facebook_client_secret": "",
              "facebook_email_domains": [],
              "facebook_enabled": false,
              "facebook_expire": null,
              "forward": false,
              "forward_url": "",
              "google_client_id": "",
              "google_client_secret": "",
              "google_email_domains": [],
              "google_enabled": false,
              "google_expire": null,
              "gupshup_password": null,
              "gupshup_userid": null,
              "microsoft_client_id": "",
              "microsoft_client_secret": "",
              "microsoft_email_domains": [],
              "microsoft_enabled": false,
              "microsoft_expire": null,
              "passphrase_enabled": false,
              "passphrase_expire": null,
              "password": "",
              "predefined_sponsors_enabled": true,
              "predefined_sponsors_hide_email": false,
              "privacy": false,
              "puzzel_password": null,
              "puzzel_service_id": null,
              "puzzel_username": null,
              "sms_enabled": false,
              "sms_expire": null,
              "sms_message_format": "Code {{code}} expires in {{duration}} minutes.",
              "sms_provider": "manual",
              "sponsor_auto_approve": null,
              "sponsor_email_domains": [],
              "sponsor_enabled": false,
              "sponsor_expire": null,
              "sponsor_link_validity_duration": "60",
              "sponsor_notify_all": false,
              "sponsor_status_notify": false,
              "sponsors": {},
              "sso_default_role": "",
              "sso_forced_role": "",
              "sso_idp_cert": "",
              "sso_idp_sign_algo": "sha1",
              "sso_idp_sso_url": "",
              "sso_issuer": "",
              "sso_nameid_format": "email",
              "telstra_client_id": null,
              "telstra_client_secret": null,
              "twilio_auth_token": null,
              "twilio_phone_number": null,
              "twilio_sid": null
            },
            "portal_allowed_hostnames": [],
            "portal_allowed_subnets": [],
            "portal_api_secret": "",
            "portal_denied_hostnames": [],
            "portal_image": "present",
            "portal_sso_url": "",
            "qos": {
              "class": "best_effort",
              "overwrite": false
            },
            "radsec": {
              "coa_enabled": null,
              "enabled": false,
              "idle_timeout": null,
              "mxcluster_ids": [],
              "proxy_hosts": [],
              "server_name": "",
              "servers": [],
              "use_mxedge": null,
              "use_site_mxedge": null
            },
            "rateset": {
              "24": {
                "ht": null,
                "legacy": [],
                "min_rssi": 0,
                "template": "high-density",
                "vht": null
              },
              "5": {
                "ht": null,
                "legacy": [
                  "6",
                  "9",
                  "12",
                  "18",
                  "24b",
                  "36",
                  "48",
                  "54"
                ],
                "min_rssi": -70,
                "template": "custom",
                "vht": null
              }
            },
            "reconnect_clients_when_roaming_mxcluster": null,
            "roam_mode": "NONE",
            "schedule": {
              "enabled": false,
              "hours": {
                "fri": null,
                "mon": null,
                "sat": null,
                "sun": null,
                "thu": null,
                "tue": null,
                "wed": null
              }
            },
            "sle_excluded": false,
            "ssid": "test",
            "template_id": "a4e7168b-12d7-413c-b388-b4f20f7be345",
            "use_eapol_v1": false,
            "vlan_enabled": true,
            "vlan_id": "160",
            "vlan_ids": [],
            "vlan_pooling": false,
            "wlan_limit_down": 20000,
            "wlan_limit_down_enabled": false,
            "wlan_limit_up": 10000,
            "wlan_limit_up_enabled": false,
            "wxtag_ids": [],
            "wxtunnel_id": "",
            "wxtunnel_remote_id": ""
          },
          "sensitive_attributes": [
            [
              {
                "type": "get_attr",
                "value": "auth"
              },
              {
                "type": "get_attr",
                "value": "psk"
              }
            ],
            [
              {
                "type": "get_attr",
                "value": "airwatch"
              },
              {
                "type": "get_attr",
                "value": "password"
              }
            ],
            [
              {
                "type": "get_attr",
                "value": "portal"
              },
              {
                "type": "get_attr",
                "value": "gupshup_password"
              }
            ],
            [
              {
                "type": "get_attr",
                "value": "portal"
              },
              {
                "type": "get_attr",
                "value": "broadnet_password"
              }
            ],
            [
              {
                "type": "get_attr",
                "value": "portal"
              },
              {
                "type": "get_attr",
                "value": "password"
              }
            ],
            [
              {
                "type": "get_attr",
                "value": "portal"
              },
              {
                "type": "get_attr",
                "value": "puzzel_password"
              }
            ]
          ],
          "dependencies": [
            "mist_org.terraform_test",
            "mist_org_wlantemplate.wlantemplate_one"
          ]
        }
      ]
    },
    {
      "mode": "managed",
      "type": "mist_org_wlan",
      "name": "test_open2",
      "provider": "provider[\"registry.terraform.io/juniper/mist\"]",
      "instances": [
        {
          "schema_version": 0,
          "attributes": {
            "acct_immediate_update": false,
            "acct_interim_interval": 0,
            "acct_servers": [],
            "airwatch": {
              "api_key": "",
              "console_url": "",
              "enabled": false,
              "password": "",
              "username": ""
            },
            "allow_ipv6_ndp": true,
            "allow_mdns": false,
            "allow_ssdp": true,
            "ap_ids": null,
            "app_limit": {
              "apps": {},
              "enabled": false,
              "wxtag_ids": {}
            },
            "app_qos": {
              "apps": null,
              "enabled": false,
              "others": null
            },
            "apply_to": "site",
            "arp_filter": false,
            "auth": null,
            "auth_server_selection": "ordered",
            "auth_servers": [],
            "auth_servers_nas_id": "",
            "auth_servers_nas_ip": "",
            "auth_servers_retries": 2,
            "auth_servers_timeout": 5,
            "band_steer": false,
            "band_steer_force_band5": false,
            "bands": null,
            "block_blacklist_clients": false,
            "bonjour": {
              "additional_vlan_ids": [],
              "enabled": null,
              "services": null
            },
            "cisco_cwa": {
              "allowed_hostnames": [],
              "allowed_subnets": [],
              "blocked_subnets": [],
              "enabled": false
            },
            "client_limit_down": 1000,
            "client_limit_down_enabled": false,
            "client_limit_up": 512,
            "client_limit_up_enabled": false,
            "coa_servers": [],
            "disable_11ax": false,
            "disable_ht_vht_rates": false,
            "disable_uapsd": false,
            "disable_v1_roam_notify": false,
            "disable_v2_roam_notify": false,
            "disable_when_gateway_unreachable": null,
            "disable_when_mxtunnel_down": null,
            "disable_wmm": false,
            "dns_server_rewrite": {
              "enabled": false,
              "radius_groups": {}
            },
            "dtim": 2,
            "dynamic_psk": null,
            "dynamic_vlan": null,
            "enable_local_keycaching": false,
            "enable_wireless_bridging": false,
            "enable_wireless_bridging_dhcp_tracking": false,
            "enabled": true,
            "fast_dot1x_timers": false,
            "hide_ssid": false,
            "hostname_ie": false,
            "hotspot20": {
              "domain_name": [],
              "enabled": false,
              "nai_realms": [],
              "operators": [],
              "rcoi": [],
              "venue_name": null
            },
            "id": "a2bfcf6d-acc8-4e48-b0af-9d7a80515bae",
            "inject_dhcp_option_82": null,
            "interface": "all",
            "isolation": false,
            "l2_isolation": false,
            "legacy_overds": false,
            "limit_bcast": true,
            "limit_probe_response": false,
            "max_idletime": 1800,
            "max_num_clients": 0,
            "mist_nac": {
              "enabled": false
            },
            "msp_id": "",
            "mxtunnel_ids": null,
            "mxtunnel_name": null,
            "no_static_dns": false,
            "no_static_ip": false,
            "org_id": "992bf4b9-c900-4850-9992-107b2f9df928",
            "portal": {
              "allow_wlan_id_roam": null,
              "amazon_client_id": "",
              "amazon_client_secret": "",
              "amazon_email_domains": [],
              "amazon_enabled": false,
              "amazon_expire": null,
              "auth": "none",
              "azure_client_id": "",
              "azure_client_secret": "",
              "azure_enabled": false,
              "azure_expire": null,
              "azure_tenant_id": "",
              "broadnet_password": "",
              "broadnet_sid": null,
              "broadnet_user_id": null,
              "bypass_when_cloud_down": false,
              "clickatell_api_key": null,
              "cross_site": null,
              "email_enabled": false,
              "enabled": false,
              "expire": 1440,
              "external_portal_url": "",
              "facebook_client_id": "",
              "facebook_client_secret": "",
              "facebook_email_domains": [],
              "facebook_enabled": false,
              "facebook_expire": null,
              "forward": false,
              "forward_url": "",
              "google_client_id": "",
              "google_client_secret": "",
              "google_email_domains": [],
              "google_enabled": false,
              "google_expire": null,
              "gupshup_password": null,
              "gupshup_userid": null,
              "microsoft_client_id": "",
              "microsoft_client_secret": "",
              "microsoft_email_domains": [],
              "microsoft_enabled": false,
              "microsoft_expire": null,
              "passphrase_enabled": false,
              "passphrase_expire": null,
              "password": "",
              "predefined_sponsors_enabled": true,
              "predefined_sponsors_hide_email": false,
              "privacy": false,
              "puzzel_password": null,
              "puzzel_service_id": null,
              "puzzel_username": null,
              "sms_enabled": false,
              "sms_expire": null,
              "sms_message_format": "Code {{code}} expires in {{duration}} minutes.",
              "sms_provider": "manual",
              "sponsor_auto_approve": null,
              "sponsor_email_domains": [],
              "sponsor_enabled": false,
              "sponsor_expire": null,
              "sponsor_link_validity_duration": "60",
              "sponsor_notify_all": false,
              "sponsor_status_notify": false,
              "sponsors": {},
              "sso_default_role": "",
              "sso_forced_role": "",
              "sso_idp_cert": "",
              "sso_idp_sign_algo": "sha1",
              "sso_idp_sso_url": "",
              "sso_issuer": "",
              "sso_nameid_format": "email",
              "telstra_client_id": null,
              "telstra_client_secret": null,
              "twilio_auth_token": null,
              "twilio_phone_number": null,
              "twilio_sid": null
            },
            "portal_allowed_hostnames": [],
            "portal_allowed_subnets": [],
            "portal_api_secret": "",
            "portal_denied_hostnames": [],
            "portal_image": "not_present",
            "portal_sso_url": "",
            "qos": {
              "class": "best_effort",
              "overwrite": false
            },
            "radsec": {
              "coa_enabled": null,
              "enabled": false,
              "idle_timeout": null,
              "mxcluster_ids": [],
              "proxy_hosts": [],
              "server_name": "",
              "servers": [],
              "use_mxedge": null,
              "use_site_mxedge": null
            },
            "rateset": {
              "24": {
                "ht": null,
                "legacy": [],
                "min_rssi": 0,
                "template": "compatible",
                "vht": null
              },
              "5": {
                "ht": null,
                "legacy": [],
                "min_rssi": 0,
                "template": "compatible",
                "vht": null
              },
              "6": {
                "ht": null,
                "legacy": [],
                "min_rssi": 0,
                "template": "compatible",
                "vht": null
              }
            },
            "reconnect_clients_when_roaming_mxcluster": null,
            "roam_mode": "NONE",
            "schedule": {
              "enabled": false,
              "hours": {
                "fri": null,
                "mon": null,
                "sat": null,
                "sun": null,
                "thu": null,
                "tue": null,
                "wed": null
              }
            },
            "sle_excluded": false,
            "ssid": "demo2",
            "template_id": "6fd69579-d5d1-464c-ac1e-70f294a1aefe",
            "use_eapol_v1": false,
            "vlan_enabled": false,
            "vlan_id": null,
            "vlan_ids": [],
            "vlan_pooling": false,
            "wlan_limit_down": 20000,
            "wlan_limit_down_enabled": false,
            "wlan_limit_up": 10000,
            "wlan_limit_up_enabled": false,
            "wxtag_ids": [],
            "wxtunnel_id": "",
            "wxtunnel_remote_id": ""
          },
          "sensitive_attributes": [
            [
              {
                "type": "get_attr",
                "value": "portal"
              },
              {
                "type": "get_attr",
                "value": "password"
              }
            ],
            [
              {
                "type": "get_attr",
                "value": "portal"
              },
              {
                "type": "get_attr",
                "value": "broadnet_password"
              }
            ],
            [
              {
                "type": "get_attr",
                "value": "portal"
              },
              {
                "type": "get_attr",
                "value": "puzzel_password"
              }
            ],
            [
              {
                "type": "get_attr",
                "value": "portal"
              },
              {
                "type": "get_attr",
                "value": "gupshup_password"
              }
            ],
            [
              {
                "type": "get_attr",
                "value": "airwatch"
              },
              {
                "type": "get_attr",
                "value": "password"
              }
            ]
          ],
          "dependencies": [
            "mist_org.terraform_test",
            "mist_org_wlantemplate.test101",
            "mist_site.terraform_site"
          ]
        }
      ]
    },
    {
      "mode": "managed",
      "type": "mist_org_wlan_portal_image",
      "name": "image1",
      "provider": "provider[\"registry.terraform.io/juniper/mist\"]",
      "instances": [
        {
          "schema_version": 0,
          "attributes": {
            "file": "/Users/tmunzer/OneDrive/data/demo/IMG_0049.jpg",
            "org_id": "992bf4b9-c900-4850-9992-107b2f9df928",
            "wlan_id": "25aa1c90-2e8c-40c5-a1e8-0231ad565a6c"
          },
          "sensitive_attributes": [],
          "dependencies": [
            "mist_org.terraform_test",
            "mist_org_wlan.test_open",
            "mist_org_wlantemplate.wlantemplate_one"
          ]
        }
      ]
    },
    {
      "mode": "managed",
      "type": "mist_org_wlan_portal_template",
      "name": "test",
      "provider": "provider[\"registry.terraform.io/juniper/mist\"]",
      "instances": [
        {
          "schema_version": 0,
          "attributes": {
            "org_id": "992bf4b9-c900-4850-9992-107b2f9df928",
            "portal_template": {
              "access_code_alternate_email": "Use alternate email address",
              "alignment": "right",
              "auth_button_amazon": "Sign in with Amazon",
              "auth_button_azure": "Sign in with Azure",
              "auth_button_email": "Sign in with Email",
              "auth_button_facebook": "Sign in with Facebook",
              "auth_button_google": "Sign in with Google",
              "auth_button_microsoft": "Sign in with Microsoft",
              "auth_button_passphrase": "Sign in with Passphrase",
              "auth_button_sms": "Sign in with Text Message",
              "auth_button_sponsor": "Sign in as Guest",
              "auth_label": "Connect to WiFi with",
              "back_link": "Back to Sign In",
              "color": "#1074bc",
              "color_dark": "#0b5183",
              "color_light": "#3589c6",
              "company": false,
              "company_error": "Please provide your company name",
              "company_label": "Company",
              "email": true,
              "email_access_domain_error": "Email Access Domain Error",
              "email_cancel": "Cancel",
              "email_code_cancel": "I did not receive the code",
              "email_code_error": "Please provide valid alternate email",
              "email_code_field_label": "Access Code",
              "email_code_message": "Enter the access number that was sent to your email address.",
              "email_code_submit": "Sign In",
              "email_code_title": "Access Code",
              "email_error": "Please provide valid email",
              "email_field_label": "Enter your email address",
              "email_label": "Email",
              "email_message": "We will email you an authentication code which you can use to connect to the WiFi network.",
              "email_submit": "Send Access Code",
              "email_title": "Sign in with Email",
              "field1": false,
              "field1error": "Please provide Custom Field 1",
              "field1label": "Custom Field 1",
              "field1required": false,
              "field2": false,
              "field2error": "Please provide Custom Field 2",
              "field2label": "Custom Field 2",
              "field2required": false,
              "field3": false,
              "field3error": "Please provide Custom Field 3",
              "field3label": "Custom Field 3",
              "field3required": false,
              "field4": false,
              "field4error": "Please provide Custom Field 4",
              "field4label": "Custom Field 4",
              "field4required": null,
              "locales": {
                "ar": {
                  "auth_button_amazon": null,
                  "auth_button_azure": null,
                  "auth_button_email": null,
                  "auth_button_facebook": null,
                  "auth_button_google": null,
                  "auth_button_microsoft": null,
                  "auth_button_passphrase": null,
                  "auth_button_sms": null,
                  "auth_button_sponsor": null,
                  "auth_label": null,
                  "back_link": null,
                  "company_error": null,
                  "company_label": null,
                  "email_access_domain_error": null,
                  "email_cancel": null,
                  "email_code_cancel": null,
                  "email_code_error": null,
                  "email_code_field_label": null,
                  "email_code_message": null,
                  "email_code_submit": null,
                  "email_code_title": null,
                  "email_error": null,
                  "email_field_label": null,
                  "email_label": null,
                  "email_message": null,
                  "email_submit": null,
                  "email_title": null,
                  "field1error": null,
                  "field1label": null,
                  "field2error": null,
                  "field2label": null,
                  "field3error": null,
                  "field3label": null,
                  "field4error": null,
                  "field4label": null,
                  "message": null,
                  "name_error": null,
                  "name_label": null,
                  "optout_label": null,
                  "page_title": null,
                  "passphrase_cancel": null,
                  "passphrase_error": null,
                  "passphrase_label": null,
                  "passphrase_message": null,
                  "passphrase_submit": null,
                  "passphrase_title": null,
                  "privacy_policy_accept_label": null,
                  "privacy_policy_error": null,
                  "privacy_policy_link": null,
                  "privacy_policy_text": null,
                  "required_field_label": null,
                  "sign_in_label": null,
                  "sms_carrier_default": null,
                  "sms_carrier_error": null,
                  "sms_carrier_field_label": null,
                  "sms_code_cancel": null,
                  "sms_code_error": null,
                  "sms_code_field_label": null,
                  "sms_code_message": null,
                  "sms_code_submit": null,
                  "sms_code_title": null,
                  "sms_country_field_label": null,
                  "sms_country_format": null,
                  "sms_have_access_code": "a",
                  "sms_message_format": null,
                  "sms_number_cancel": null,
                  "sms_number_error": null,
                  "sms_number_field_label": null,
                  "sms_number_format": null,
                  "sms_number_message": null,
                  "sms_number_submit": null,
                  "sms_number_title": null,
                  "sms_username_format": null,
                  "sponsor_back_link": null,
                  "sponsor_cancel": null,
                  "sponsor_email": null,
                  "sponsor_email_error": null,
                  "sponsor_info_approved": null,
                  "sponsor_info_denied": null,
                  "sponsor_info_pending": null,
                  "sponsor_name": null,
                  "sponsor_name_error": null,
                  "sponsor_note_pending": null,
                  "sponsor_request_access": null,
                  "sponsor_status_approved": null,
                  "sponsor_status_denied": null,
                  "sponsor_status_pending": null,
                  "sponsor_submit": null,
                  "sponsors_error": null,
                  "sponsors_field_label": null,
                  "tos_accept_label": null,
                  "tos_error": null,
                  "tos_link": null,
                  "tos_text": null
                },
                "ca-ES": {
                  "auth_button_amazon": null,
                  "auth_button_azure": null,
                  "auth_button_email": null,
                  "auth_button_facebook": null,
                  "auth_button_google": null,
                  "auth_button_microsoft": null,
                  "auth_button_passphrase": null,
                  "auth_button_sms": null,
                  "auth_button_sponsor": null,
                  "auth_label": null,
                  "back_link": null,
                  "company_error": null,
                  "company_label": null,
                  "email_access_domain_error": null,
                  "email_cancel": null,
                  "email_code_cancel": null,
                  "email_code_error": null,
                  "email_code_field_label": null,
                  "email_code_message": null,
                  "email_code_submit": null,
                  "email_code_title": null,
                  "email_error": null,
                  "email_field_label": null,
                  "email_label": null,
                  "email_message": null,
                  "email_submit": null,
                  "email_title": null,
                  "field1error": null,
                  "field1label": null,
                  "field2error": null,
                  "field2label": null,
                  "field3error": null,
                  "field3label": null,
                  "field4error": null,
                  "field4label": null,
                  "message": null,
                  "name_error": null,
                  "name_label": null,
                  "optout_label": null,
                  "page_title": null,
                  "passphrase_cancel": null,
                  "passphrase_error": null,
                  "passphrase_label": null,
                  "passphrase_message": null,
                  "passphrase_submit": null,
                  "passphrase_title": null,
                  "privacy_policy_accept_label": null,
                  "privacy_policy_error": null,
                  "privacy_policy_link": null,
                  "privacy_policy_text": null,
                  "required_field_label": null,
                  "sign_in_label": null,
                  "sms_carrier_default": null,
                  "sms_carrier_error": null,
                  "sms_carrier_field_label": null,
                  "sms_code_cancel": null,
                  "sms_code_error": null,
                  "sms_code_field_label": null,
                  "sms_code_message": null,
                  "sms_code_submit": null,
                  "sms_code_title": null,
                  "sms_country_field_label": null,
                  "sms_country_format": null,
                  "sms_have_access_code": "a",
                  "sms_message_format": null,
                  "sms_number_cancel": null,
                  "sms_number_error": null,
                  "sms_number_field_label": null,
                  "sms_number_format": null,
                  "sms_number_message": null,
                  "sms_number_submit": null,
                  "sms_number_title": null,
                  "sms_username_format": null,
                  "sponsor_back_link": null,
                  "sponsor_cancel": null,
                  "sponsor_email": null,
                  "sponsor_email_error": null,
                  "sponsor_info_approved": null,
                  "sponsor_info_denied": null,
                  "sponsor_info_pending": null,
                  "sponsor_name": null,
                  "sponsor_name_error": null,
                  "sponsor_note_pending": null,
                  "sponsor_request_access": null,
                  "sponsor_status_approved": null,
                  "sponsor_status_denied": null,
                  "sponsor_status_pending": null,
                  "sponsor_submit": null,
                  "sponsors_error": null,
                  "sponsors_field_label": null,
                  "tos_accept_label": null,
                  "tos_error": null,
                  "tos_link": null,
                  "tos_text": null
                },
                "cs-CZ": {
                  "auth_button_amazon": null,
                  "auth_button_azure": null,
                  "auth_button_email": null,
                  "auth_button_facebook": null,
                  "auth_button_google": null,
                  "auth_button_microsoft": null,
                  "auth_button_passphrase": null,
                  "auth_button_sms": null,
                  "auth_button_sponsor": null,
                  "auth_label": null,
                  "back_link": null,
                  "company_error": null,
                  "company_label": null,
                  "email_access_domain_error": null,
                  "email_cancel": null,
                  "email_code_cancel": null,
                  "email_code_error": null,
                  "email_code_field_label": null,
                  "email_code_message": null,
                  "email_code_submit": null,
                  "email_code_title": null,
                  "email_error": null,
                  "email_field_label": null,
                  "email_label": null,
                  "email_message": null,
                  "email_submit": null,
                  "email_title": null,
                  "field1error": null,
                  "field1label": null,
                  "field2error": null,
                  "field2label": null,
                  "field3error": null,
                  "field3label": null,
                  "field4error": null,
                  "field4label": null,
                  "message": null,
                  "name_error": null,
                  "name_label": null,
                  "optout_label": null,
                  "page_title": null,
                  "passphrase_cancel": null,
                  "passphrase_error": null,
                  "passphrase_label": null,
                  "passphrase_message": null,
                  "passphrase_submit": null,
                  "passphrase_title": null,
                  "privacy_policy_accept_label": null,
                  "privacy_policy_error": null,
                  "privacy_policy_link": null,
                  "privacy_policy_text": null,
                  "required_field_label": null,
                  "sign_in_label": null,
                  "sms_carrier_default": null,
                  "sms_carrier_error": null,
                  "sms_carrier_field_label": null,
                  "sms_code_cancel": null,
                  "sms_code_error": null,
                  "sms_code_field_label": null,
                  "sms_code_message": null,
                  "sms_code_submit": null,
                  "sms_code_title": null,
                  "sms_country_field_label": null,
                  "sms_country_format": null,
                  "sms_have_access_code": "a",
                  "sms_message_format": null,
                  "sms_number_cancel": null,
                  "sms_number_error": null,
                  "sms_number_field_label": null,
                  "sms_number_format": null,
                  "sms_number_message": null,
                  "sms_number_submit": null,
                  "sms_number_title": null,
                  "sms_username_format": null,
                  "sponsor_back_link": null,
                  "sponsor_cancel": null,
                  "sponsor_email": null,
                  "sponsor_email_error": null,
                  "sponsor_info_approved": null,
                  "sponsor_info_denied": null,
                  "sponsor_info_pending": null,
                  "sponsor_name": null,
                  "sponsor_name_error": null,
                  "sponsor_note_pending": null,
                  "sponsor_request_access": null,
                  "sponsor_status_approved": null,
                  "sponsor_status_denied": null,
                  "sponsor_status_pending": null,
                  "sponsor_submit": null,
                  "sponsors_error": null,
                  "sponsors_field_label": null,
                  "tos_accept_label": null,
                  "tos_error": null,
                  "tos_link": null,
                  "tos_text": null
                },
                "da-DK": {
                  "auth_button_amazon": null,
                  "auth_button_azure": null,
                  "auth_button_email": null,
                  "auth_button_facebook": null,
                  "auth_button_google": null,
                  "auth_button_microsoft": null,
                  "auth_button_passphrase": null,
                  "auth_button_sms": null,
                  "auth_button_sponsor": null,
                  "auth_label": null,
                  "back_link": null,
                  "company_error": null,
                  "company_label": null,
                  "email_access_domain_error": null,
                  "email_cancel": null,
                  "email_code_cancel": null,
                  "email_code_error": null,
                  "email_code_field_label": null,
                  "email_code_message": null,
                  "email_code_submit": null,
                  "email_code_title": null,
                  "email_error": null,
                  "email_field_label": null,
                  "email_label": null,
                  "email_message": null,
                  "email_submit": null,
                  "email_title": null,
                  "field1error": null,
                  "field1label": null,
                  "field2error": null,
                  "field2label": null,
                  "field3error": null,
                  "field3label": null,
                  "field4error": null,
                  "field4label": null,
                  "message": null,
                  "name_error": null,
                  "name_label": null,
                  "optout_label": null,
                  "page_title": null,
                  "passphrase_cancel": null,
                  "passphrase_error": null,
                  "passphrase_label": null,
                  "passphrase_message": null,
                  "passphrase_submit": null,
                  "passphrase_title": null,
                  "privacy_policy_accept_label": null,
                  "privacy_policy_error": null,
                  "privacy_policy_link": null,
                  "privacy_policy_text": null,
                  "required_field_label": null,
                  "sign_in_label": null,
                  "sms_carrier_default": null,
                  "sms_carrier_error": null,
                  "sms_carrier_field_label": null,
                  "sms_code_cancel": null,
                  "sms_code_error": null,
                  "sms_code_field_label": null,
                  "sms_code_message": null,
                  "sms_code_submit": null,
                  "sms_code_title": null,
                  "sms_country_field_label": null,
                  "sms_country_format": null,
                  "sms_have_access_code": "a",
                  "sms_message_format": null,
                  "sms_number_cancel": null,
                  "sms_number_error": null,
                  "sms_number_field_label": null,
                  "sms_number_format": null,
                  "sms_number_message": null,
                  "sms_number_submit": null,
                  "sms_number_title": null,
                  "sms_username_format": null,
                  "sponsor_back_link": null,
                  "sponsor_cancel": null,
                  "sponsor_email": null,
                  "sponsor_email_error": null,
                  "sponsor_info_approved": null,
                  "sponsor_info_denied": null,
                  "sponsor_info_pending": null,
                  "sponsor_name": null,
                  "sponsor_name_error": null,
                  "sponsor_note_pending": null,
                  "sponsor_request_access": null,
                  "sponsor_status_approved": null,
                  "sponsor_status_denied": null,
                  "sponsor_status_pending": null,
                  "sponsor_submit": null,
                  "sponsors_error": null,
                  "sponsors_field_label": null,
                  "tos_accept_label": null,
                  "tos_error": null,
                  "tos_link": null,
                  "tos_text": null
                },
                "de-DE": {
                  "auth_button_amazon": null,
                  "auth_button_azure": null,
                  "auth_button_email": null,
                  "auth_button_facebook": null,
                  "auth_button_google": null,
                  "auth_button_microsoft": null,
                  "auth_button_passphrase": null,
                  "auth_button_sms": null,
                  "auth_button_sponsor": null,
                  "auth_label": null,
                  "back_link": null,
                  "company_error": null,
                  "company_label": null,
                  "email_access_domain_error": null,
                  "email_cancel": null,
                  "email_code_cancel": null,
                  "email_code_error": null,
                  "email_code_field_label": null,
                  "email_code_message": null,
                  "email_code_submit": null,
                  "email_code_title": null,
                  "email_error": null,
                  "email_field_label": null,
                  "email_label": null,
                  "email_message": null,
                  "email_submit": null,
                  "email_title": null,
                  "field1error": null,
                  "field1label": null,
                  "field2error": null,
                  "field2label": null,
                  "field3error": null,
                  "field3label": null,
                  "field4error": null,
                  "field4label": null,
                  "message": null,
                  "name_error": null,
                  "name_label": null,
                  "optout_label": null,
                  "page_title": null,
                  "passphrase_cancel": null,
                  "passphrase_error": null,
                  "passphrase_label": null,
                  "passphrase_message": null,
                  "passphrase_submit": null,
                  "passphrase_title": null,
                  "privacy_policy_accept_label": null,
                  "privacy_policy_error": null,
                  "privacy_policy_link": null,
                  "privacy_policy_text": null,
                  "required_field_label": null,
                  "sign_in_label": null,
                  "sms_carrier_default": null,
                  "sms_carrier_error": null,
                  "sms_carrier_field_label": null,
                  "sms_code_cancel": null,
                  "sms_code_error": null,
                  "sms_code_field_label": null,
                  "sms_code_message": null,
                  "sms_code_submit": null,
                  "sms_code_title": null,
                  "sms_country_field_label": null,
                  "sms_country_format": null,
                  "sms_have_access_code": "a",
                  "sms_message_format": null,
                  "sms_number_cancel": null,
                  "sms_number_error": null,
                  "sms_number_field_label": null,
                  "sms_number_format": null,
                  "sms_number_message": null,
                  "sms_number_submit": null,
                  "sms_number_title": null,
                  "sms_username_format": null,
                  "sponsor_back_link": null,
                  "sponsor_cancel": null,
                  "sponsor_email": null,
                  "sponsor_email_error": null,
                  "sponsor_info_approved": null,
                  "sponsor_info_denied": null,
                  "sponsor_info_pending": null,
                  "sponsor_name": null,
                  "sponsor_name_error": null,
                  "sponsor_note_pending": null,
                  "sponsor_request_access": null,
                  "sponsor_status_approved": null,
                  "sponsor_status_denied": null,
                  "sponsor_status_pending": null,
                  "sponsor_submit": null,
                  "sponsors_error": null,
                  "sponsors_field_label": null,
                  "tos_accept_label": null,
                  "tos_error": null,
                  "tos_link": null,
                  "tos_text": null
                },
                "el-GR": {
                  "auth_button_amazon": null,
                  "auth_button_azure": null,
                  "auth_button_email": null,
                  "auth_button_facebook": null,
                  "auth_button_google": null,
                  "auth_button_microsoft": null,
                  "auth_button_passphrase": null,
                  "auth_button_sms": null,
                  "auth_button_sponsor": null,
                  "auth_label": null,
                  "back_link": null,
                  "company_error": null,
                  "company_label": null,
                  "email_access_domain_error": null,
                  "email_cancel": null,
                  "email_code_cancel": null,
                  "email_code_error": null,
                  "email_code_field_label": null,
                  "email_code_message": null,
                  "email_code_submit": null,
                  "email_code_title": null,
                  "email_error": null,
                  "email_field_label": null,
                  "email_label": null,
                  "email_message": null,
                  "email_submit": null,
                  "email_title": null,
                  "field1error": null,
                  "field1label": null,
                  "field2error": null,
                  "field2label": null,
                  "field3error": null,
                  "field3label": null,
                  "field4error": null,
                  "field4label": null,
                  "message": null,
                  "name_error": null,
                  "name_label": null,
                  "optout_label": null,
                  "page_title": null,
                  "passphrase_cancel": null,
                  "passphrase_error": null,
                  "passphrase_label": null,
                  "passphrase_message": null,
                  "passphrase_submit": null,
                  "passphrase_title": null,
                  "privacy_policy_accept_label": null,
                  "privacy_policy_error": null,
                  "privacy_policy_link": null,
                  "privacy_policy_text": null,
                  "required_field_label": null,
                  "sign_in_label": null,
                  "sms_carrier_default": null,
                  "sms_carrier_error": null,
                  "sms_carrier_field_label": null,
                  "sms_code_cancel": null,
                  "sms_code_error": null,
                  "sms_code_field_label": null,
                  "sms_code_message": null,
                  "sms_code_submit": null,
                  "sms_code_title": null,
                  "sms_country_field_label": null,
                  "sms_country_format": null,
                  "sms_have_access_code": "a",
                  "sms_message_format": null,
                  "sms_number_cancel": null,
                  "sms_number_error": null,
                  "sms_number_field_label": null,
                  "sms_number_format": null,
                  "sms_number_message": null,
                  "sms_number_submit": null,
                  "sms_number_title": null,
                  "sms_username_format": null,
                  "sponsor_back_link": null,
                  "sponsor_cancel": null,
                  "sponsor_email": null,
                  "sponsor_email_error": null,
                  "sponsor_info_approved": null,
                  "sponsor_info_denied": null,
                  "sponsor_info_pending": null,
                  "sponsor_name": null,
                  "sponsor_name_error": null,
                  "sponsor_note_pending": null,
                  "sponsor_request_access": null,
                  "sponsor_status_approved": null,
                  "sponsor_status_denied": null,
                  "sponsor_status_pending": null,
                  "sponsor_submit": null,
                  "sponsors_error": null,
                  "sponsors_field_label": null,
                  "tos_accept_label": null,
                  "tos_error": null,
                  "tos_link": null,
                  "tos_text": null
                },
                "en-GB": {
                  "auth_button_amazon": null,
                  "auth_button_azure": null,
                  "auth_button_email": null,
                  "auth_button_facebook": null,
                  "auth_button_google": null,
                  "auth_button_microsoft": null,
                  "auth_button_passphrase": null,
                  "auth_button_sms": null,
                  "auth_button_sponsor": null,
                  "auth_label": null,
                  "back_link": null,
                  "company_error": null,
                  "company_label": null,
                  "email_access_domain_error": null,
                  "email_cancel": null,
                  "email_code_cancel": null,
                  "email_code_error": null,
                  "email_code_field_label": null,
                  "email_code_message": null,
                  "email_code_submit": null,
                  "email_code_title": null,
                  "email_error": null,
                  "email_field_label": null,
                  "email_label": null,
                  "email_message": null,
                  "email_submit": null,
                  "email_title": null,
                  "field1error": null,
                  "field1label": null,
                  "field2error": null,
                  "field2label": null,
                  "field3error": null,
                  "field3label": null,
                  "field4error": null,
                  "field4label": null,
                  "message": null,
                  "name_error": null,
                  "name_label": null,
                  "optout_label": null,
                  "page_title": null,
                  "passphrase_cancel": null,
                  "passphrase_error": null,
                  "passphrase_label": null,
                  "passphrase_message": null,
                  "passphrase_submit": null,
                  "passphrase_title": null,
                  "privacy_policy_accept_label": null,
                  "privacy_policy_error": null,
                  "privacy_policy_link": null,
                  "privacy_policy_text": null,
                  "required_field_label": null,
                  "sign_in_label": null,
                  "sms_carrier_default": null,
                  "sms_carrier_error": null,
                  "sms_carrier_field_label": null,
                  "sms_code_cancel": null,
                  "sms_code_error": null,
                  "sms_code_field_label": null,
                  "sms_code_message": null,
                  "sms_code_submit": null,
                  "sms_code_title": null,
                  "sms_country_field_label": null,
                  "sms_country_format": null,
                  "sms_have_access_code": "a",
                  "sms_message_format": null,
                  "sms_number_cancel": null,
                  "sms_number_error": null,
                  "sms_number_field_label": null,
                  "sms_number_format": null,
                  "sms_number_message": null,
                  "sms_number_submit": null,
                  "sms_number_title": null,
                  "sms_username_format": null,
                  "sponsor_back_link": null,
                  "sponsor_cancel": null,
                  "sponsor_email": null,
                  "sponsor_email_error": null,
                  "sponsor_info_approved": null,
                  "sponsor_info_denied": null,
                  "sponsor_info_pending": null,
                  "sponsor_name": null,
                  "sponsor_name_error": null,
                  "sponsor_note_pending": null,
                  "sponsor_request_access": null,
                  "sponsor_status_approved": null,
                  "sponsor_status_denied": null,
                  "sponsor_status_pending": null,
                  "sponsor_submit": null,
                  "sponsors_error": null,
                  "sponsors_field_label": null,
                  "tos_accept_label": null,
                  "tos_error": null,
                  "tos_link": null,
                  "tos_text": null
                },
                "en-US": {
                  "auth_button_amazon": null,
                  "auth_button_azure": null,
                  "auth_button_email": null,
                  "auth_button_facebook": null,
                  "auth_button_google": null,
                  "auth_button_microsoft": null,
                  "auth_button_passphrase": null,
                  "auth_button_sms": null,
                  "auth_button_sponsor": null,
                  "auth_label": null,
                  "back_link": null,
                  "company_error": null,
                  "company_label": null,
                  "email_access_domain_error": null,
                  "email_cancel": null,
                  "email_code_cancel": null,
                  "email_code_error": null,
                  "email_code_field_label": null,
                  "email_code_message": null,
                  "email_code_submit": null,
                  "email_code_title": null,
                  "email_error": null,
                  "email_field_label": null,
                  "email_label": null,
                  "email_message": null,
                  "email_submit": null,
                  "email_title": null,
                  "field1error": null,
                  "field1label": null,
                  "field2error": null,
                  "field2label": null,
                  "field3error": null,
                  "field3label": null,
                  "field4error": null,
                  "field4label": null,
                  "message": null,
                  "name_error": null,
                  "name_label": null,
                  "optout_label": null,
                  "page_title": null,
                  "passphrase_cancel": null,
                  "passphrase_error": null,
                  "passphrase_label": null,
                  "passphrase_message": null,
                  "passphrase_submit": null,
                  "passphrase_title": null,
                  "privacy_policy_accept_label": null,
                  "privacy_policy_error": null,
                  "privacy_policy_link": null,
                  "privacy_policy_text": null,
                  "required_field_label": null,
                  "sign_in_label": null,
                  "sms_carrier_default": null,
                  "sms_carrier_error": null,
                  "sms_carrier_field_label": null,
                  "sms_code_cancel": null,
                  "sms_code_error": null,
                  "sms_code_field_label": null,
                  "sms_code_message": null,
                  "sms_code_submit": null,
                  "sms_code_title": null,
                  "sms_country_field_label": null,
                  "sms_country_format": null,
                  "sms_have_access_code": "a",
                  "sms_message_format": null,
                  "sms_number_cancel": null,
                  "sms_number_error": null,
                  "sms_number_field_label": null,
                  "sms_number_format": null,
                  "sms_number_message": null,
                  "sms_number_submit": null,
                  "sms_number_title": null,
                  "sms_username_format": null,
                  "sponsor_back_link": null,
                  "sponsor_cancel": null,
                  "sponsor_email": null,
                  "sponsor_email_error": null,
                  "sponsor_info_approved": null,
                  "sponsor_info_denied": null,
                  "sponsor_info_pending": null,
                  "sponsor_name": null,
                  "sponsor_name_error": null,
                  "sponsor_note_pending": null,
                  "sponsor_request_access": null,
                  "sponsor_status_approved": null,
                  "sponsor_status_denied": null,
                  "sponsor_status_pending": null,
                  "sponsor_submit": null,
                  "sponsors_error": null,
                  "sponsors_field_label": null,
                  "tos_accept_label": null,
                  "tos_error": null,
                  "tos_link": null,
                  "tos_text": null
                },
                "es-ES": {
                  "auth_button_amazon": null,
                  "auth_button_azure": null,
                  "auth_button_email": null,
                  "auth_button_facebook": null,
                  "auth_button_google": null,
                  "auth_button_microsoft": null,
                  "auth_button_passphrase": null,
                  "auth_button_sms": null,
                  "auth_button_sponsor": null,
                  "auth_label": null,
                  "back_link": null,
                  "company_error": null,
                  "company_label": null,
                  "email_access_domain_error": null,
                  "email_cancel": null,
                  "email_code_cancel": null,
                  "email_code_error": null,
                  "email_code_field_label": null,
                  "email_code_message": null,
                  "email_code_submit": null,
                  "email_code_title": null,
                  "email_error": null,
                  "email_field_label": null,
                  "email_label": null,
                  "email_message": null,
                  "email_submit": null,
                  "email_title": null,
                  "field1error": null,
                  "field1label": null,
                  "field2error": null,
                  "field2label": null,
                  "field3error": null,
                  "field3label": null,
                  "field4error": null,
                  "field4label": null,
                  "message": null,
                  "name_error": null,
                  "name_label": null,
                  "optout_label": null,
                  "page_title": null,
                  "passphrase_cancel": null,
                  "passphrase_error": null,
                  "passphrase_label": null,
                  "passphrase_message": null,
                  "passphrase_submit": null,
                  "passphrase_title": null,
                  "privacy_policy_accept_label": null,
                  "privacy_policy_error": null,
                  "privacy_policy_link": null,
                  "privacy_policy_text": null,
                  "required_field_label": null,
                  "sign_in_label": null,
                  "sms_carrier_default": null,
                  "sms_carrier_error": null,
                  "sms_carrier_field_label": null,
                  "sms_code_cancel": null,
                  "sms_code_error": null,
                  "sms_code_field_label": null,
                  "sms_code_message": null,
                  "sms_code_submit": null,
                  "sms_code_title": null,
                  "sms_country_field_label": null,
                  "sms_country_format": null,
                  "sms_have_access_code": "a",
                  "sms_message_format": null,
                  "sms_number_cancel": null,
                  "sms_number_error": null,
                  "sms_number_field_label": null,
                  "sms_number_format": null,
                  "sms_number_message": null,
                  "sms_number_submit": null,
                  "sms_number_title": null,
                  "sms_username_format": null,
                  "sponsor_back_link": null,
                  "sponsor_cancel": null,
                  "sponsor_email": null,
                  "sponsor_email_error": null,
                  "sponsor_info_approved": null,
                  "sponsor_info_denied": null,
                  "sponsor_info_pending": null,
                  "sponsor_name": null,
                  "sponsor_name_error": null,
                  "sponsor_note_pending": null,
                  "sponsor_request_access": null,
                  "sponsor_status_approved": null,
                  "sponsor_status_denied": null,
                  "sponsor_status_pending": null,
                  "sponsor_submit": null,
                  "sponsors_error": null,
                  "sponsors_field_label": null,
                  "tos_accept_label": null,
                  "tos_error": null,
                  "tos_link": null,
                  "tos_text": null
                },
                "fi-FI": {
                  "auth_button_amazon": null,
                  "auth_button_azure": null,
                  "auth_button_email": null,
                  "auth_button_facebook": null,
                  "auth_button_google": null,
                  "auth_button_microsoft": null,
                  "auth_button_passphrase": null,
                  "auth_button_sms": null,
                  "auth_button_sponsor": null,
                  "auth_label": null,
                  "back_link": null,
                  "company_error": null,
                  "company_label": null,
                  "email_access_domain_error": null,
                  "email_cancel": null,
                  "email_code_cancel": null,
                  "email_code_error": null,
                  "email_code_field_label": null,
                  "email_code_message": null,
                  "email_code_submit": null,
                  "email_code_title": null,
                  "email_error": null,
                  "email_field_label": null,
                  "email_label": null,
                  "email_message": null,
                  "email_submit": null,
                  "email_title": null,
                  "field1error": null,
                  "field1label": null,
                  "field2error": null,
                  "field2label": null,
                  "field3error": null,
                  "field3label": null,
                  "field4error": null,
                  "field4label": null,
                  "message": null,
                  "name_error": null,
                  "name_label": null,
                  "optout_label": null,
                  "page_title": null,
                  "passphrase_cancel": null,
                  "passphrase_error": null,
                  "passphrase_label": null,
                  "passphrase_message": null,
                  "passphrase_submit": null,
                  "passphrase_title": null,
                  "privacy_policy_accept_label": null,
                  "privacy_policy_error": null,
                  "privacy_policy_link": null,
                  "privacy_policy_text": null,
                  "required_field_label": null,
                  "sign_in_label": null,
                  "sms_carrier_default": null,
                  "sms_carrier_error": null,
                  "sms_carrier_field_label": null,
                  "sms_code_cancel": null,
                  "sms_code_error": null,
                  "sms_code_field_label": null,
                  "sms_code_message": null,
                  "sms_code_submit": null,
                  "sms_code_title": null,
                  "sms_country_field_label": null,
                  "sms_country_format": null,
                  "sms_have_access_code": "a",
                  "sms_message_format": null,
                  "sms_number_cancel": null,
                  "sms_number_error": null,
                  "sms_number_field_label": null,
                  "sms_number_format": null,
                  "sms_number_message": null,
                  "sms_number_submit": null,
                  "sms_number_title": null,
                  "sms_username_format": null,
                  "sponsor_back_link": null,
                  "sponsor_cancel": null,
                  "sponsor_email": null,
                  "sponsor_email_error": null,
                  "sponsor_info_approved": null,
                  "sponsor_info_denied": null,
                  "sponsor_info_pending": null,
                  "sponsor_name": null,
                  "sponsor_name_error": null,
                  "sponsor_note_pending": null,
                  "sponsor_request_access": null,
                  "sponsor_status_approved": null,
                  "sponsor_status_denied": null,
                  "sponsor_status_pending": null,
                  "sponsor_submit": null,
                  "sponsors_error": null,
                  "sponsors_field_label": null,
                  "tos_accept_label": null,
                  "tos_error": null,
                  "tos_link": null,
                  "tos_text": null
                },
                "fr-FR": {
                  "auth_button_amazon": null,
                  "auth_button_azure": null,
                  "auth_button_email": null,
                  "auth_button_facebook": null,
                  "auth_button_google": null,
                  "auth_button_microsoft": null,
                  "auth_button_passphrase": null,
                  "auth_button_sms": null,
                  "auth_button_sponsor": null,
                  "auth_label": null,
                  "back_link": null,
                  "company_error": null,
                  "company_label": null,
                  "email_access_domain_error": null,
                  "email_cancel": null,
                  "email_code_cancel": null,
                  "email_code_error": null,
                  "email_code_field_label": null,
                  "email_code_message": null,
                  "email_code_submit": null,
                  "email_code_title": null,
                  "email_error": null,
                  "email_field_label": null,
                  "email_label": null,
                  "email_message": null,
                  "email_submit": null,
                  "email_title": null,
                  "field1error": null,
                  "field1label": null,
                  "field2error": null,
                  "field2label": null,
                  "field3error": null,
                  "field3label": null,
                  "field4error": null,
                  "field4label": null,
                  "message": null,
                  "name_error": null,
                  "name_label": null,
                  "optout_label": null,
                  "page_title": null,
                  "passphrase_cancel": null,
                  "passphrase_error": null,
                  "passphrase_label": null,
                  "passphrase_message": null,
                  "passphrase_submit": null,
                  "passphrase_title": null,
                  "privacy_policy_accept_label": null,
                  "privacy_policy_error": null,
                  "privacy_policy_link": null,
                  "privacy_policy_text": null,
                  "required_field_label": null,
                  "sign_in_label": null,
                  "sms_carrier_default": null,
                  "sms_carrier_error": null,
                  "sms_carrier_field_label": null,
                  "sms_code_cancel": null,
                  "sms_code_error": null,
                  "sms_code_field_label": null,
                  "sms_code_message": null,
                  "sms_code_submit": null,
                  "sms_code_title": null,
                  "sms_country_field_label": null,
                  "sms_country_format": null,
                  "sms_have_access_code": null,
                  "sms_message_format": null,
                  "sms_number_cancel": null,
                  "sms_number_error": null,
                  "sms_number_field_label": null,
                  "sms_number_format": null,
                  "sms_number_message": null,
                  "sms_number_submit": null,
                  "sms_number_title": null,
                  "sms_username_format": null,
                  "sponsor_back_link": null,
                  "sponsor_cancel": null,
                  "sponsor_email": null,
                  "sponsor_email_error": null,
                  "sponsor_info_approved": null,
                  "sponsor_info_denied": null,
                  "sponsor_info_pending": null,
                  "sponsor_name": null,
                  "sponsor_name_error": null,
                  "sponsor_note_pending": null,
                  "sponsor_request_access": null,
                  "sponsor_status_approved": "test portal 2!",
                  "sponsor_status_denied": null,
                  "sponsor_status_pending": null,
                  "sponsor_submit": null,
                  "sponsors_error": null,
                  "sponsors_field_label": null,
                  "tos_accept_label": null,
                  "tos_error": null,
                  "tos_link": null,
                  "tos_text": null
                },
                "he-IL": {
                  "auth_button_amazon": null,
                  "auth_button_azure": null,
                  "auth_button_email": null,
                  "auth_button_facebook": null,
                  "auth_button_google": null,
                  "auth_button_microsoft": null,
                  "auth_button_passphrase": null,
                  "auth_button_sms": null,
                  "auth_button_sponsor": null,
                  "auth_label": null,
                  "back_link": null,
                  "company_error": null,
                  "company_label": null,
                  "email_access_domain_error": null,
                  "email_cancel": null,
                  "email_code_cancel": null,
                  "email_code_error": null,
                  "email_code_field_label": null,
                  "email_code_message": null,
                  "email_code_submit": null,
                  "email_code_title": null,
                  "email_error": null,
                  "email_field_label": null,
                  "email_label": null,
                  "email_message": null,
                  "email_submit": null,
                  "email_title": null,
                  "field1error": null,
                  "field1label": null,
                  "field2error": null,
                  "field2label": null,
                  "field3error": null,
                  "field3label": null,
                  "field4error": null,
                  "field4label": null,
                  "message": null,
                  "name_error": null,
                  "name_label": null,
                  "optout_label": null,
                  "page_title": null,
                  "passphrase_cancel": null,
                  "passphrase_error": null,
                  "passphrase_label": null,
                  "passphrase_message": null,
                  "passphrase_submit": null,
                  "passphrase_title": null,
                  "privacy_policy_accept_label": null,
                  "privacy_policy_error": null,
                  "privacy_policy_link": null,
                  "privacy_policy_text": null,
                  "required_field_label": null,
                  "sign_in_label": null,
                  "sms_carrier_default": null,
                  "sms_carrier_error": null,
                  "sms_carrier_field_label": null,
                  "sms_code_cancel": null,
                  "sms_code_error": null,
                  "sms_code_field_label": null,
                  "sms_code_message": null,
                  "sms_code_submit": null,
                  "sms_code_title": null,
                  "sms_country_field_label": null,
                  "sms_country_format": null,
                  "sms_have_access_code": "a",
                  "sms_message_format": null,
                  "sms_number_cancel": null,
                  "sms_number_error": null,
                  "sms_number_field_label": null,
                  "sms_number_format": null,
                  "sms_number_message": null,
                  "sms_number_submit": null,
                  "sms_number_title": null,
                  "sms_username_format": null,
                  "sponsor_back_link": null,
                  "sponsor_cancel": null,
                  "sponsor_email": null,
                  "sponsor_email_error": null,
                  "sponsor_info_approved": null,
                  "sponsor_info_denied": null,
                  "sponsor_info_pending": null,
                  "sponsor_name": null,
                  "sponsor_name_error": null,
                  "sponsor_note_pending": null,
                  "sponsor_request_access": null,
                  "sponsor_status_approved": null,
                  "sponsor_status_denied": null,
                  "sponsor_status_pending": null,
                  "sponsor_submit": null,
                  "sponsors_error": null,
                  "sponsors_field_label": null,
                  "tos_accept_label": null,
                  "tos_error": null,
                  "tos_link": null,
                  "tos_text": null
                },
                "hi-IN": {
                  "auth_button_amazon": null,
                  "auth_button_azure": null,
                  "auth_button_email": null,
                  "auth_button_facebook": null,
                  "auth_button_google": null,
                  "auth_button_microsoft": null,
                  "auth_button_passphrase": null,
                  "auth_button_sms": null,
                  "auth_button_sponsor": null,
                  "auth_label": null,
                  "back_link": null,
                  "company_error": null,
                  "company_label": null,
                  "email_access_domain_error": null,
                  "email_cancel": null,
                  "email_code_cancel": null,
                  "email_code_error": null,
                  "email_code_field_label": null,
                  "email_code_message": null,
                  "email_code_submit": null,
                  "email_code_title": null,
                  "email_error": null,
                  "email_field_label": null,
                  "email_label": null,
                  "email_message": null,
                  "email_submit": null,
                  "email_title": null,
                  "field1error": null,
                  "field1label": null,
                  "field2error": null,
                  "field2label": null,
                  "field3error": null,
                  "field3label": null,
                  "field4error": null,
                  "field4label": null,
                  "message": null,
                  "name_error": null,
                  "name_label": null,
                  "optout_label": null,
                  "page_title": null,
                  "passphrase_cancel": null,
                  "passphrase_error": null,
                  "passphrase_label": null,
                  "passphrase_message": null,
                  "passphrase_submit": null,
                  "passphrase_title": null,
                  "privacy_policy_accept_label": null,
                  "privacy_policy_error": null,
                  "privacy_policy_link": null,
                  "privacy_policy_text": null,
                  "required_field_label": null,
                  "sign_in_label": null,
                  "sms_carrier_default": null,
                  "sms_carrier_error": null,
                  "sms_carrier_field_label": null,
                  "sms_code_cancel": null,
                  "sms_code_error": null,
                  "sms_code_field_label": null,
                  "sms_code_message": null,
                  "sms_code_submit": null,
                  "sms_code_title": null,
                  "sms_country_field_label": null,
                  "sms_country_format": null,
                  "sms_have_access_code": "a",
                  "sms_message_format": null,
                  "sms_number_cancel": null,
                  "sms_number_error": null,
                  "sms_number_field_label": null,
                  "sms_number_format": null,
                  "sms_number_message": null,
                  "sms_number_submit": null,
                  "sms_number_title": null,
                  "sms_username_format": null,
                  "sponsor_back_link": null,
                  "sponsor_cancel": null,
                  "sponsor_email": null,
                  "sponsor_email_error": null,
                  "sponsor_info_approved": null,
                  "sponsor_info_denied": null,
                  "sponsor_info_pending": null,
                  "sponsor_name": null,
                  "sponsor_name_error": null,
                  "sponsor_note_pending": null,
                  "sponsor_request_access": null,
                  "sponsor_status_approved": null,
                  "sponsor_status_denied": null,
                  "sponsor_status_pending": null,
                  "sponsor_submit": null,
                  "sponsors_error": null,
                  "sponsors_field_label": null,
                  "tos_accept_label": null,
                  "tos_error": null,
                  "tos_link": null,
                  "tos_text": null
                },
                "hr-HR": {
                  "auth_button_amazon": null,
                  "auth_button_azure": null,
                  "auth_button_email": null,
                  "auth_button_facebook": null,
                  "auth_button_google": null,
                  "auth_button_microsoft": null,
                  "auth_button_passphrase": null,
                  "auth_button_sms": null,
                  "auth_button_sponsor": null,
                  "auth_label": null,
                  "back_link": null,
                  "company_error": null,
                  "company_label": null,
                  "email_access_domain_error": null,
                  "email_cancel": null,
                  "email_code_cancel": null,
                  "email_code_error": null,
                  "email_code_field_label": null,
                  "email_code_message": null,
                  "email_code_submit": null,
                  "email_code_title": null,
                  "email_error": null,
                  "email_field_label": null,
                  "email_label": null,
                  "email_message": null,
                  "email_submit": null,
                  "email_title": null,
                  "field1error": null,
                  "field1label": null,
                  "field2error": null,
                  "field2label": null,
                  "field3error": null,
                  "field3label": null,
                  "field4error": null,
                  "field4label": null,
                  "message": null,
                  "name_error": null,
                  "name_label": null,
                  "optout_label": null,
                  "page_title": null,
                  "passphrase_cancel": null,
                  "passphrase_error": null,
                  "passphrase_label": null,
                  "passphrase_message": null,
                  "passphrase_submit": null,
                  "passphrase_title": null,
                  "privacy_policy_accept_label": null,
                  "privacy_policy_error": null,
                  "privacy_policy_link": null,
                  "privacy_policy_text": null,
                  "required_field_label": null,
                  "sign_in_label": null,
                  "sms_carrier_default": null,
                  "sms_carrier_error": null,
                  "sms_carrier_field_label": null,
                  "sms_code_cancel": null,
                  "sms_code_error": null,
                  "sms_code_field_label": null,
                  "sms_code_message": null,
                  "sms_code_submit": null,
                  "sms_code_title": null,
                  "sms_country_field_label": null,
                  "sms_country_format": null,
                  "sms_have_access_code": "a",
                  "sms_message_format": null,
                  "sms_number_cancel": null,
                  "sms_number_error": null,
                  "sms_number_field_label": null,
                  "sms_number_format": null,
                  "sms_number_message": null,
                  "sms_number_submit": null,
                  "sms_number_title": null,
                  "sms_username_format": null,
                  "sponsor_back_link": null,
                  "sponsor_cancel": null,
                  "sponsor_email": null,
                  "sponsor_email_error": null,
                  "sponsor_info_approved": null,
                  "sponsor_info_denied": null,
                  "sponsor_info_pending": null,
                  "sponsor_name": null,
                  "sponsor_name_error": null,
                  "sponsor_note_pending": null,
                  "sponsor_request_access": null,
                  "sponsor_status_approved": null,
                  "sponsor_status_denied": null,
                  "sponsor_status_pending": null,
                  "sponsor_submit": null,
                  "sponsors_error": null,
                  "sponsors_field_label": null,
                  "tos_accept_label": null,
                  "tos_error": null,
                  "tos_link": null,
                  "tos_text": null
                },
                "hu-HU": {
                  "auth_button_amazon": null,
                  "auth_button_azure": null,
                  "auth_button_email": null,
                  "auth_button_facebook": null,
                  "auth_button_google": null,
                  "auth_button_microsoft": null,
                  "auth_button_passphrase": null,
                  "auth_button_sms": null,
                  "auth_button_sponsor": null,
                  "auth_label": null,
                  "back_link": null,
                  "company_error": null,
                  "company_label": null,
                  "email_access_domain_error": null,
                  "email_cancel": null,
                  "email_code_cancel": null,
                  "email_code_error": null,
                  "email_code_field_label": null,
                  "email_code_message": null,
                  "email_code_submit": null,
                  "email_code_title": null,
                  "email_error": null,
                  "email_field_label": null,
                  "email_label": null,
                  "email_message": null,
                  "email_submit": null,
                  "email_title": null,
                  "field1error": null,
                  "field1label": null,
                  "field2error": null,
                  "field2label": null,
                  "field3error": null,
                  "field3label": null,
                  "field4error": null,
                  "field4label": null,
                  "message": null,
                  "name_error": null,
                  "name_label": null,
                  "optout_label": null,
                  "page_title": null,
                  "passphrase_cancel": null,
                  "passphrase_error": null,
                  "passphrase_label": null,
                  "passphrase_message": null,
                  "passphrase_submit": null,
                  "passphrase_title": null,
                  "privacy_policy_accept_label": null,
                  "privacy_policy_error": null,
                  "privacy_policy_link": null,
                  "privacy_policy_text": null,
                  "required_field_label": null,
                  "sign_in_label": null,
                  "sms_carrier_default": null,
                  "sms_carrier_error": null,
                  "sms_carrier_field_label": null,
                  "sms_code_cancel": null,
                  "sms_code_error": null,
                  "sms_code_field_label": null,
                  "sms_code_message": null,
                  "sms_code_submit": null,
                  "sms_code_title": null,
                  "sms_country_field_label": null,
                  "sms_country_format": null,
                  "sms_have_access_code": "a",
                  "sms_message_format": null,
                  "sms_number_cancel": null,
                  "sms_number_error": null,
                  "sms_number_field_label": null,
                  "sms_number_format": null,
                  "sms_number_message": null,
                  "sms_number_submit": null,
                  "sms_number_title": null,
                  "sms_username_format": null,
                  "sponsor_back_link": null,
                  "sponsor_cancel": null,
                  "sponsor_email": null,
                  "sponsor_email_error": null,
                  "sponsor_info_approved": null,
                  "sponsor_info_denied": null,
                  "sponsor_info_pending": null,
                  "sponsor_name": null,
                  "sponsor_name_error": null,
                  "sponsor_note_pending": null,
                  "sponsor_request_access": null,
                  "sponsor_status_approved": null,
                  "sponsor_status_denied": null,
                  "sponsor_status_pending": null,
                  "sponsor_submit": null,
                  "sponsors_error": null,
                  "sponsors_field_label": null,
                  "tos_accept_label": null,
                  "tos_error": null,
                  "tos_link": null,
                  "tos_text": null
                },
                "id-ID": {
                  "auth_button_amazon": null,
                  "auth_button_azure": null,
                  "auth_button_email": null,
                  "auth_button_facebook": null,
                  "auth_button_google": null,
                  "auth_button_microsoft": null,
                  "auth_button_passphrase": null,
                  "auth_button_sms": null,
                  "auth_button_sponsor": null,
                  "auth_label": null,
                  "back_link": null,
                  "company_error": null,
                  "company_label": null,
                  "email_access_domain_error": null,
                  "email_cancel": null,
                  "email_code_cancel": null,
                  "email_code_error": null,
                  "email_code_field_label": null,
                  "email_code_message": null,
                  "email_code_submit": null,
                  "email_code_title": null,
                  "email_error": null,
                  "email_field_label": null,
                  "email_label": null,
                  "email_message": null,
                  "email_submit": null,
                  "email_title": null,
                  "field1error": null,
                  "field1label": null,
                  "field2error": null,
                  "field2label": null,
                  "field3error": null,
                  "field3label": null,
                  "field4error": null,
                  "field4label": null,
                  "message": null,
                  "name_error": null,
                  "name_label": null,
                  "optout_label": null,
                  "page_title": null,
                  "passphrase_cancel": null,
                  "passphrase_error": null,
                  "passphrase_label": null,
                  "passphrase_message": null,
                  "passphrase_submit": null,
                  "passphrase_title": null,
                  "privacy_policy_accept_label": null,
                  "privacy_policy_error": null,
                  "privacy_policy_link": null,
                  "privacy_policy_text": null,
                  "required_field_label": null,
                  "sign_in_label": null,
                  "sms_carrier_default": null,
                  "sms_carrier_error": null,
                  "sms_carrier_field_label": null,
                  "sms_code_cancel": null,
                  "sms_code_error": null,
                  "sms_code_field_label": null,
                  "sms_code_message": null,
                  "sms_code_submit": null,
                  "sms_code_title": null,
                  "sms_country_field_label": null,
                  "sms_country_format": null,
                  "sms_have_access_code": "a",
                  "sms_message_format": null,
                  "sms_number_cancel": null,
                  "sms_number_error": null,
                  "sms_number_field_label": null,
                  "sms_number_format": null,
                  "sms_number_message": null,
                  "sms_number_submit": null,
                  "sms_number_title": null,
                  "sms_username_format": null,
                  "sponsor_back_link": null,
                  "sponsor_cancel": null,
                  "sponsor_email": null,
                  "sponsor_email_error": null,
                  "sponsor_info_approved": null,
                  "sponsor_info_denied": null,
                  "sponsor_info_pending": null,
                  "sponsor_name": null,
                  "sponsor_name_error": null,
                  "sponsor_note_pending": null,
                  "sponsor_request_access": null,
                  "sponsor_status_approved": null,
                  "sponsor_status_denied": null,
                  "sponsor_status_pending": null,
                  "sponsor_submit": null,
                  "sponsors_error": null,
                  "sponsors_field_label": null,
                  "tos_accept_label": null,
                  "tos_error": null,
                  "tos_link": null,
                  "tos_text": null
                },
                "it-IT": {
                  "auth_button_amazon": null,
                  "auth_button_azure": null,
                  "auth_button_email": null,
                  "auth_button_facebook": null,
                  "auth_button_google": null,
                  "auth_button_microsoft": null,
                  "auth_button_passphrase": null,
                  "auth_button_sms": null,
                  "auth_button_sponsor": null,
                  "auth_label": null,
                  "back_link": null,
                  "company_error": null,
                  "company_label": null,
                  "email_access_domain_error": null,
                  "email_cancel": null,
                  "email_code_cancel": null,
                  "email_code_error": null,
                  "email_code_field_label": null,
                  "email_code_message": null,
                  "email_code_submit": null,
                  "email_code_title": null,
                  "email_error": null,
                  "email_field_label": null,
                  "email_label": null,
                  "email_message": null,
                  "email_submit": null,
                  "email_title": null,
                  "field1error": null,
                  "field1label": null,
                  "field2error": null,
                  "field2label": null,
                  "field3error": null,
                  "field3label": null,
                  "field4error": null,
                  "field4label": null,
                  "message": null,
                  "name_error": null,
                  "name_label": null,
                  "optout_label": null,
                  "page_title": null,
                  "passphrase_cancel": null,
                  "passphrase_error": null,
                  "passphrase_label": null,
                  "passphrase_message": null,
                  "passphrase_submit": null,
                  "passphrase_title": null,
                  "privacy_policy_accept_label": null,
                  "privacy_policy_error": null,
                  "privacy_policy_link": null,
                  "privacy_policy_text": null,
                  "required_field_label": null,
                  "sign_in_label": null,
                  "sms_carrier_default": null,
                  "sms_carrier_error": null,
                  "sms_carrier_field_label": null,
                  "sms_code_cancel": null,
                  "sms_code_error": null,
                  "sms_code_field_label": null,
                  "sms_code_message": null,
                  "sms_code_submit": null,
                  "sms_code_title": null,
                  "sms_country_field_label": null,
                  "sms_country_format": null,
                  "sms_have_access_code": "a",
                  "sms_message_format": null,
                  "sms_number_cancel": null,
                  "sms_number_error": null,
                  "sms_number_field_label": null,
                  "sms_number_format": null,
                  "sms_number_message": null,
                  "sms_number_submit": null,
                  "sms_number_title": null,
                  "sms_username_format": null,
                  "sponsor_back_link": null,
                  "sponsor_cancel": null,
                  "sponsor_email": null,
                  "sponsor_email_error": null,
                  "sponsor_info_approved": null,
                  "sponsor_info_denied": null,
                  "sponsor_info_pending": null,
                  "sponsor_name": null,
                  "sponsor_name_error": null,
                  "sponsor_note_pending": null,
                  "sponsor_request_access": null,
                  "sponsor_status_approved": null,
                  "sponsor_status_denied": null,
                  "sponsor_status_pending": null,
                  "sponsor_submit": null,
                  "sponsors_error": null,
                  "sponsors_field_label": null,
                  "tos_accept_label": null,
                  "tos_error": null,
                  "tos_link": null,
                  "tos_text": null
                },
                "ja-JP": {
                  "auth_button_amazon": null,
                  "auth_button_azure": null,
                  "auth_button_email": null,
                  "auth_button_facebook": null,
                  "auth_button_google": null,
                  "auth_button_microsoft": null,
                  "auth_button_passphrase": null,
                  "auth_button_sms": null,
                  "auth_button_sponsor": null,
                  "auth_label": null,
                  "back_link": null,
                  "company_error": null,
                  "company_label": null,
                  "email_access_domain_error": null,
                  "email_cancel": null,
                  "email_code_cancel": null,
                  "email_code_error": null,
                  "email_code_field_label": null,
                  "email_code_message": null,
                  "email_code_submit": null,
                  "email_code_title": null,
                  "email_error": null,
                  "email_field_label": null,
                  "email_label": null,
                  "email_message": null,
                  "email_submit": null,
                  "email_title": null,
                  "field1error": null,
                  "field1label": null,
                  "field2error": null,
                  "field2label": null,
                  "field3error": null,
                  "field3label": null,
                  "field4error": null,
                  "field4label": null,
                  "message": null,
                  "name_error": null,
                  "name_label": null,
                  "optout_label": null,
                  "page_title": null,
                  "passphrase_cancel": null,
                  "passphrase_error": null,
                  "passphrase_label": null,
                  "passphrase_message": null,
                  "passphrase_submit": null,
                  "passphrase_title": null,
                  "privacy_policy_accept_label": null,
                  "privacy_policy_error": null,
                  "privacy_policy_link": null,
                  "privacy_policy_text": null,
                  "required_field_label": null,
                  "sign_in_label": null,
                  "sms_carrier_default": null,
                  "sms_carrier_error": null,
                  "sms_carrier_field_label": null,
                  "sms_code_cancel": null,
                  "sms_code_error": null,
                  "sms_code_field_label": null,
                  "sms_code_message": null,
                  "sms_code_submit": null,
                  "sms_code_title": null,
                  "sms_country_field_label": null,
                  "sms_country_format": null,
                  "sms_have_access_code": "a",
                  "sms_message_format": null,
                  "sms_number_cancel": null,
                  "sms_number_error": null,
                  "sms_number_field_label": null,
                  "sms_number_format": null,
                  "sms_number_message": null,
                  "sms_number_submit": null,
                  "sms_number_title": null,
                  "sms_username_format": null,
                  "sponsor_back_link": null,
                  "sponsor_cancel": null,
                  "sponsor_email": null,
                  "sponsor_email_error": null,
                  "sponsor_info_approved": null,
                  "sponsor_info_denied": null,
                  "sponsor_info_pending": null,
                  "sponsor_name": null,
                  "sponsor_name_error": null,
                  "sponsor_note_pending": null,
                  "sponsor_request_access": null,
                  "sponsor_status_approved": null,
                  "sponsor_status_denied": null,
                  "sponsor_status_pending": null,
                  "sponsor_submit": null,
                  "sponsors_error": null,
                  "sponsors_field_label": null,
                  "tos_accept_label": null,
                  "tos_error": null,
                  "tos_link": null,
                  "tos_text": null
                },
                "ko-KR": {
                  "auth_button_amazon": null,
                  "auth_button_azure": null,
                  "auth_button_email": null,
                  "auth_button_facebook": null,
                  "auth_button_google": null,
                  "auth_button_microsoft": null,
                  "auth_button_passphrase": null,
                  "auth_button_sms": null,
                  "auth_button_sponsor": null,
                  "auth_label": null,
                  "back_link": null,
                  "company_error": null,
                  "company_label": null,
                  "email_access_domain_error": null,
                  "email_cancel": null,
                  "email_code_cancel": null,
                  "email_code_error": null,
                  "email_code_field_label": null,
                  "email_code_message": null,
                  "email_code_submit": null,
                  "email_code_title": null,
                  "email_error": null,
                  "email_field_label": null,
                  "email_label": null,
                  "email_message": null,
                  "email_submit": null,
                  "email_title": null,
                  "field1error": null,
                  "field1label": null,
                  "field2error": null,
                  "field2label": null,
                  "field3error": null,
                  "field3label": null,
                  "field4error": null,
                  "field4label": null,
                  "message": null,
                  "name_error": null,
                  "name_label": null,
                  "optout_label": null,
                  "page_title": null,
                  "passphrase_cancel": null,
                  "passphrase_error": null,
                  "passphrase_label": null,
                  "passphrase_message": null,
                  "passphrase_submit": null,
                  "passphrase_title": null,
                  "privacy_policy_accept_label": null,
                  "privacy_policy_error": null,
                  "privacy_policy_link": null,
                  "privacy_policy_text": null,
                  "required_field_label": null,
                  "sign_in_label": null,
                  "sms_carrier_default": null,
                  "sms_carrier_error": null,
                  "sms_carrier_field_label": null,
                  "sms_code_cancel": null,
                  "sms_code_error": null,
                  "sms_code_field_label": null,
                  "sms_code_message": null,
                  "sms_code_submit": null,
                  "sms_code_title": null,
                  "sms_country_field_label": null,
                  "sms_country_format": null,
                  "sms_have_access_code": "a",
                  "sms_message_format": null,
                  "sms_number_cancel": null,
                  "sms_number_error": null,
                  "sms_number_field_label": null,
                  "sms_number_format": null,
                  "sms_number_message": null,
                  "sms_number_submit": null,
                  "sms_number_title": null,
                  "sms_username_format": null,
                  "sponsor_back_link": null,
                  "sponsor_cancel": null,
                  "sponsor_email": null,
                  "sponsor_email_error": null,
                  "sponsor_info_approved": null,
                  "sponsor_info_denied": null,
                  "sponsor_info_pending": null,
                  "sponsor_name": null,
                  "sponsor_name_error": null,
                  "sponsor_note_pending": null,
                  "sponsor_request_access": null,
                  "sponsor_status_approved": null,
                  "sponsor_status_denied": null,
                  "sponsor_status_pending": null,
                  "sponsor_submit": null,
                  "sponsors_error": null,
                  "sponsors_field_label": null,
                  "tos_accept_label": null,
                  "tos_error": null,
                  "tos_link": null,
                  "tos_text": null
                },
                "ms-MY": {
                  "auth_button_amazon": null,
                  "auth_button_azure": null,
                  "auth_button_email": null,
                  "auth_button_facebook": null,
                  "auth_button_google": null,
                  "auth_button_microsoft": null,
                  "auth_button_passphrase": null,
                  "auth_button_sms": null,
                  "auth_button_sponsor": null,
                  "auth_label": null,
                  "back_link": null,
                  "company_error": null,
                  "company_label": null,
                  "email_access_domain_error": null,
                  "email_cancel": null,
                  "email_code_cancel": null,
                  "email_code_error": null,
                  "email_code_field_label": null,
                  "email_code_message": null,
                  "email_code_submit": null,
                  "email_code_title": null,
                  "email_error": null,
                  "email_field_label": null,
                  "email_label": null,
                  "email_message": null,
                  "email_submit": null,
                  "email_title": null,
                  "field1error": null,
                  "field1label": null,
                  "field2error": null,
                  "field2label": null,
                  "field3error": null,
                  "field3label": null,
                  "field4error": null,
                  "field4label": null,
                  "message": null,
                  "name_error": null,
                  "name_label": null,
                  "optout_label": null,
                  "page_title": null,
                  "passphrase_cancel": null,
                  "passphrase_error": null,
                  "passphrase_label": null,
                  "passphrase_message": null,
                  "passphrase_submit": null,
                  "passphrase_title": null,
                  "privacy_policy_accept_label": null,
                  "privacy_policy_error": null,
                  "privacy_policy_link": null,
                  "privacy_policy_text": null,
                  "required_field_label": null,
                  "sign_in_label": null,
                  "sms_carrier_default": null,
                  "sms_carrier_error": null,
                  "sms_carrier_field_label": null,
                  "sms_code_cancel": null,
                  "sms_code_error": null,
                  "sms_code_field_label": null,
                  "sms_code_message": null,
                  "sms_code_submit": null,
                  "sms_code_title": null,
                  "sms_country_field_label": null,
                  "sms_country_format": null,
                  "sms_have_access_code": "a",
                  "sms_message_format": null,
                  "sms_number_cancel": null,
                  "sms_number_error": null,
                  "sms_number_field_label": null,
                  "sms_number_format": null,
                  "sms_number_message": null,
                  "sms_number_submit": null,
                  "sms_number_title": null,
                  "sms_username_format": null,
                  "sponsor_back_link": null,
                  "sponsor_cancel": null,
                  "sponsor_email": null,
                  "sponsor_email_error": null,
                  "sponsor_info_approved": null,
                  "sponsor_info_denied": null,
                  "sponsor_info_pending": null,
                  "sponsor_name": null,
                  "sponsor_name_error": null,
                  "sponsor_note_pending": null,
                  "sponsor_request_access": null,
                  "sponsor_status_approved": null,
                  "sponsor_status_denied": null,
                  "sponsor_status_pending": null,
                  "sponsor_submit": null,
                  "sponsors_error": null,
                  "sponsors_field_label": null,
                  "tos_accept_label": null,
                  "tos_error": null,
                  "tos_link": null,
                  "tos_text": null
                },
                "nb-NO": {
                  "auth_button_amazon": null,
                  "auth_button_azure": null,
                  "auth_button_email": null,
                  "auth_button_facebook": null,
                  "auth_button_google": null,
                  "auth_button_microsoft": null,
                  "auth_button_passphrase": null,
                  "auth_button_sms": null,
                  "auth_button_sponsor": null,
                  "auth_label": null,
                  "back_link": null,
                  "company_error": null,
                  "company_label": null,
                  "email_access_domain_error": null,
                  "email_cancel": null,
                  "email_code_cancel": null,
                  "email_code_error": null,
                  "email_code_field_label": null,
                  "email_code_message": null,
                  "email_code_submit": null,
                  "email_code_title": null,
                  "email_error": null,
                  "email_field_label": null,
                  "email_label": null,
                  "email_message": null,
                  "email_submit": null,
                  "email_title": null,
                  "field1error": null,
                  "field1label": null,
                  "field2error": null,
                  "field2label": null,
                  "field3error": null,
                  "field3label": null,
                  "field4error": null,
                  "field4label": null,
                  "message": null,
                  "name_error": null,
                  "name_label": null,
                  "optout_label": null,
                  "page_title": null,
                  "passphrase_cancel": null,
                  "passphrase_error": null,
                  "passphrase_label": null,
                  "passphrase_message": null,
                  "passphrase_submit": null,
                  "passphrase_title": null,
                  "privacy_policy_accept_label": null,
                  "privacy_policy_error": null,
                  "privacy_policy_link": null,
                  "privacy_policy_text": null,
                  "required_field_label": null,
                  "sign_in_label": null,
                  "sms_carrier_default": null,
                  "sms_carrier_error": null,
                  "sms_carrier_field_label": null,
                  "sms_code_cancel": null,
                  "sms_code_error": null,
                  "sms_code_field_label": null,
                  "sms_code_message": null,
                  "sms_code_submit": null,
                  "sms_code_title": null,
                  "sms_country_field_label": null,
                  "sms_country_format": null,
                  "sms_have_access_code": "a",
                  "sms_message_format": null,
                  "sms_number_cancel": null,
                  "sms_number_error": null,
                  "sms_number_field_label": null,
                  "sms_number_format": null,
                  "sms_number_message": null,
                  "sms_number_submit": null,
                  "sms_number_title": null,
                  "sms_username_format": null,
                  "sponsor_back_link": null,
                  "sponsor_cancel": null,
                  "sponsor_email": null,
                  "sponsor_email_error": null,
                  "sponsor_info_approved": null,
                  "sponsor_info_denied": null,
                  "sponsor_info_pending": null,
                  "sponsor_name": null,
                  "sponsor_name_error": null,
                  "sponsor_note_pending": null,
                  "sponsor_request_access": null,
                  "sponsor_status_approved": null,
                  "sponsor_status_denied": null,
                  "sponsor_status_pending": null,
                  "sponsor_submit": null,
                  "sponsors_error": null,
                  "sponsors_field_label": null,
                  "tos_accept_label": null,
                  "tos_error": null,
                  "tos_link": null,
                  "tos_text": null
                },
                "nl-NL": {
                  "auth_button_amazon": null,
                  "auth_button_azure": null,
                  "auth_button_email": null,
                  "auth_button_facebook": null,
                  "auth_button_google": null,
                  "auth_button_microsoft": null,
                  "auth_button_passphrase": null,
                  "auth_button_sms": null,
                  "auth_button_sponsor": null,
                  "auth_label": null,
                  "back_link": null,
                  "company_error": null,
                  "company_label": null,
                  "email_access_domain_error": null,
                  "email_cancel": null,
                  "email_code_cancel": null,
                  "email_code_error": null,
                  "email_code_field_label": null,
                  "email_code_message": null,
                  "email_code_submit": null,
                  "email_code_title": null,
                  "email_error": null,
                  "email_field_label": null,
                  "email_label": null,
                  "email_message": null,
                  "email_submit": null,
                  "email_title": null,
                  "field1error": null,
                  "field1label": null,
                  "field2error": null,
                  "field2label": null,
                  "field3error": null,
                  "field3label": null,
                  "field4error": null,
                  "field4label": null,
                  "message": null,
                  "name_error": null,
                  "name_label": null,
                  "optout_label": null,
                  "page_title": null,
                  "passphrase_cancel": null,
                  "passphrase_error": null,
                  "passphrase_label": null,
                  "passphrase_message": null,
                  "passphrase_submit": null,
                  "passphrase_title": null,
                  "privacy_policy_accept_label": null,
                  "privacy_policy_error": null,
                  "privacy_policy_link": null,
                  "privacy_policy_text": null,
                  "required_field_label": null,
                  "sign_in_label": null,
                  "sms_carrier_default": null,
                  "sms_carrier_error": null,
                  "sms_carrier_field_label": null,
                  "sms_code_cancel": null,
                  "sms_code_error": null,
                  "sms_code_field_label": null,
                  "sms_code_message": null,
                  "sms_code_submit": null,
                  "sms_code_title": null,
                  "sms_country_field_label": null,
                  "sms_country_format": null,
                  "sms_have_access_code": "a",
                  "sms_message_format": null,
                  "sms_number_cancel": null,
                  "sms_number_error": null,
                  "sms_number_field_label": null,
                  "sms_number_format": null,
                  "sms_number_message": null,
                  "sms_number_submit": null,
                  "sms_number_title": null,
                  "sms_username_format": null,
                  "sponsor_back_link": null,
                  "sponsor_cancel": null,
                  "sponsor_email": null,
                  "sponsor_email_error": null,
                  "sponsor_info_approved": null,
                  "sponsor_info_denied": null,
                  "sponsor_info_pending": null,
                  "sponsor_name": null,
                  "sponsor_name_error": null,
                  "sponsor_note_pending": null,
                  "sponsor_request_access": null,
                  "sponsor_status_approved": null,
                  "sponsor_status_denied": null,
                  "sponsor_status_pending": null,
                  "sponsor_submit": null,
                  "sponsors_error": null,
                  "sponsors_field_label": null,
                  "tos_accept_label": null,
                  "tos_error": null,
                  "tos_link": null,
                  "tos_text": null
                },
                "pl-PL": {
                  "auth_button_amazon": null,
                  "auth_button_azure": null,
                  "auth_button_email": null,
                  "auth_button_facebook": null,
                  "auth_button_google": null,
                  "auth_button_microsoft": null,
                  "auth_button_passphrase": null,
                  "auth_button_sms": null,
                  "auth_button_sponsor": null,
                  "auth_label": null,
                  "back_link": null,
                  "company_error": null,
                  "company_label": null,
                  "email_access_domain_error": null,
                  "email_cancel": null,
                  "email_code_cancel": null,
                  "email_code_error": null,
                  "email_code_field_label": null,
                  "email_code_message": null,
                  "email_code_submit": null,
                  "email_code_title": null,
                  "email_error": null,
                  "email_field_label": null,
                  "email_label": null,
                  "email_message": null,
                  "email_submit": null,
                  "email_title": null,
                  "field1error": null,
                  "field1label": null,
                  "field2error": null,
                  "field2label": null,
                  "field3error": null,
                  "field3label": null,
                  "field4error": null,
                  "field4label": null,
                  "message": null,
                  "name_error": null,
                  "name_label": null,
                  "optout_label": null,
                  "page_title": null,
                  "passphrase_cancel": null,
                  "passphrase_error": null,
                  "passphrase_label": null,
                  "passphrase_message": null,
                  "passphrase_submit": null,
                  "passphrase_title": null,
                  "privacy_policy_accept_label": null,
                  "privacy_policy_error": null,
                  "privacy_policy_link": null,
                  "privacy_policy_text": null,
                  "required_field_label": null,
                  "sign_in_label": null,
                  "sms_carrier_default": null,
                  "sms_carrier_error": null,
                  "sms_carrier_field_label": null,
                  "sms_code_cancel": null,
                  "sms_code_error": null,
                  "sms_code_field_label": null,
                  "sms_code_message": null,
                  "sms_code_submit": null,
                  "sms_code_title": null,
                  "sms_country_field_label": null,
                  "sms_country_format": null,
                  "sms_have_access_code": "a",
                  "sms_message_format": null,
                  "sms_number_cancel": null,
                  "sms_number_error": null,
                  "sms_number_field_label": null,
                  "sms_number_format": null,
                  "sms_number_message": null,
                  "sms_number_submit": null,
                  "sms_number_title": null,
                  "sms_username_format": null,
                  "sponsor_back_link": null,
                  "sponsor_cancel": null,
                  "sponsor_email": null,
                  "sponsor_email_error": null,
                  "sponsor_info_approved": null,
                  "sponsor_info_denied": null,
                  "sponsor_info_pending": null,
                  "sponsor_name": null,
                  "sponsor_name_error": null,
                  "sponsor_note_pending": null,
                  "sponsor_request_access": null,
                  "sponsor_status_approved": null,
                  "sponsor_status_denied": null,
                  "sponsor_status_pending": null,
                  "sponsor_submit": null,
                  "sponsors_error": null,
                  "sponsors_field_label": null,
                  "tos_accept_label": null,
                  "tos_error": null,
                  "tos_link": null,
                  "tos_text": null
                },
                "pt-BR": {
                  "auth_button_amazon": null,
                  "auth_button_azure": null,
                  "auth_button_email": null,
                  "auth_button_facebook": null,
                  "auth_button_google": null,
                  "auth_button_microsoft": null,
                  "auth_button_passphrase": null,
                  "auth_button_sms": null,
                  "auth_button_sponsor": null,
                  "auth_label": null,
                  "back_link": null,
                  "company_error": null,
                  "company_label": null,
                  "email_access_domain_error": null,
                  "email_cancel": null,
                  "email_code_cancel": null,
                  "email_code_error": null,
                  "email_code_field_label": null,
                  "email_code_message": null,
                  "email_code_submit": null,
                  "email_code_title": null,
                  "email_error": null,
                  "email_field_label": null,
                  "email_label": null,
                  "email_message": null,
                  "email_submit": null,
                  "email_title": null,
                  "field1error": null,
                  "field1label": null,
                  "field2error": null,
                  "field2label": null,
                  "field3error": null,
                  "field3label": null,
                  "field4error": null,
                  "field4label": null,
                  "message": null,
                  "name_error": null,
                  "name_label": null,
                  "optout_label": null,
                  "page_title": null,
                  "passphrase_cancel": null,
                  "passphrase_error": null,
                  "passphrase_label": null,
                  "passphrase_message": null,
                  "passphrase_submit": null,
                  "passphrase_title": null,
                  "privacy_policy_accept_label": null,
                  "privacy_policy_error": null,
                  "privacy_policy_link": null,
                  "privacy_policy_text": null,
                  "required_field_label": null,
                  "sign_in_label": null,
                  "sms_carrier_default": null,
                  "sms_carrier_error": null,
                  "sms_carrier_field_label": null,
                  "sms_code_cancel": null,
                  "sms_code_error": null,
                  "sms_code_field_label": null,
                  "sms_code_message": null,
                  "sms_code_submit": null,
                  "sms_code_title": null,
                  "sms_country_field_label": null,
                  "sms_country_format": null,
                  "sms_have_access_code": "a",
                  "sms_message_format": null,
                  "sms_number_cancel": null,
                  "sms_number_error": null,
                  "sms_number_field_label": null,
                  "sms_number_format": null,
                  "sms_number_message": null,
                  "sms_number_submit": null,
                  "sms_number_title": null,
                  "sms_username_format": null,
                  "sponsor_back_link": null,
                  "sponsor_cancel": null,
                  "sponsor_email": null,
                  "sponsor_email_error": null,
                  "sponsor_info_approved": null,
                  "sponsor_info_denied": null,
                  "sponsor_info_pending": null,
                  "sponsor_name": null,
                  "sponsor_name_error": null,
                  "sponsor_note_pending": null,
                  "sponsor_request_access": null,
                  "sponsor_status_approved": null,
                  "sponsor_status_denied": null,
                  "sponsor_status_pending": null,
                  "sponsor_submit": null,
                  "sponsors_error": null,
                  "sponsors_field_label": null,
                  "tos_accept_label": null,
                  "tos_error": null,
                  "tos_link": null,
                  "tos_text": null
                },
                "pt-PT": {
                  "auth_button_amazon": null,
                  "auth_button_azure": null,
                  "auth_button_email": null,
                  "auth_button_facebook": null,
                  "auth_button_google": null,
                  "auth_button_microsoft": null,
                  "auth_button_passphrase": null,
                  "auth_button_sms": null,
                  "auth_button_sponsor": null,
                  "auth_label": null,
                  "back_link": null,
                  "company_error": null,
                  "company_label": null,
                  "email_access_domain_error": null,
                  "email_cancel": null,
                  "email_code_cancel": null,
                  "email_code_error": null,
                  "email_code_field_label": null,
                  "email_code_message": null,
                  "email_code_submit": null,
                  "email_code_title": null,
                  "email_error": null,
                  "email_field_label": null,
                  "email_label": null,
                  "email_message": null,
                  "email_submit": null,
                  "email_title": null,
                  "field1error": null,
                  "field1label": null,
                  "field2error": null,
                  "field2label": null,
                  "field3error": null,
                  "field3label": null,
                  "field4error": null,
                  "field4label": null,
                  "message": null,
                  "name_error": null,
                  "name_label": null,
                  "optout_label": null,
                  "page_title": null,
                  "passphrase_cancel": null,
                  "passphrase_error": null,
                  "passphrase_label": null,
                  "passphrase_message": null,
                  "passphrase_submit": null,
                  "passphrase_title": null,
                  "privacy_policy_accept_label": null,
                  "privacy_policy_error": null,
                  "privacy_policy_link": null,
                  "privacy_policy_text": null,
                  "required_field_label": null,
                  "sign_in_label": null,
                  "sms_carrier_default": null,
                  "sms_carrier_error": null,
                  "sms_carrier_field_label": null,
                  "sms_code_cancel": null,
                  "sms_code_error": null,
                  "sms_code_field_label": null,
                  "sms_code_message": null,
                  "sms_code_submit": null,
                  "sms_code_title": null,
                  "sms_country_field_label": null,
                  "sms_country_format": null,
                  "sms_have_access_code": "a",
                  "sms_message_format": null,
                  "sms_number_cancel": null,
                  "sms_number_error": null,
                  "sms_number_field_label": null,
                  "sms_number_format": null,
                  "sms_number_message": null,
                  "sms_number_submit": null,
                  "sms_number_title": null,
                  "sms_username_format": null,
                  "sponsor_back_link": null,
                  "sponsor_cancel": null,
                  "sponsor_email": null,
                  "sponsor_email_error": null,
                  "sponsor_info_approved": null,
                  "sponsor_info_denied": null,
                  "sponsor_info_pending": null,
                  "sponsor_name": null,
                  "sponsor_name_error": null,
                  "sponsor_note_pending": null,
                  "sponsor_request_access": null,
                  "sponsor_status_approved": null,
                  "sponsor_status_denied": null,
                  "sponsor_status_pending": null,
                  "sponsor_submit": null,
                  "sponsors_error": null,
                  "sponsors_field_label": null,
                  "tos_accept_label": null,
                  "tos_error": null,
                  "tos_link": null,
                  "tos_text": null
                },
                "ro-RO": {
                  "auth_button_amazon": null,
                  "auth_button_azure": null,
                  "auth_button_email": null,
                  "auth_button_facebook": null,
                  "auth_button_google": null,
                  "auth_button_microsoft": null,
                  "auth_button_passphrase": null,
                  "auth_button_sms": null,
                  "auth_button_sponsor": null,
                  "auth_label": null,
                  "back_link": null,
                  "company_error": null,
                  "company_label": null,
                  "email_access_domain_error": null,
                  "email_cancel": null,
                  "email_code_cancel": null,
                  "email_code_error": null,
                  "email_code_field_label": null,
                  "email_code_message": null,
                  "email_code_submit": null,
                  "email_code_title": null,
                  "email_error": null,
                  "email_field_label": null,
                  "email_label": null,
                  "email_message": null,
                  "email_submit": null,
                  "email_title": null,
                  "field1error": null,
                  "field1label": null,
                  "field2error": null,
                  "field2label": null,
                  "field3error": null,
                  "field3label": null,
                  "field4error": null,
                  "field4label": null,
                  "message": null,
                  "name_error": null,
                  "name_label": null,
                  "optout_label": null,
                  "page_title": null,
                  "passphrase_cancel": null,
                  "passphrase_error": null,
                  "passphrase_label": null,
                  "passphrase_message": null,
                  "passphrase_submit": null,
                  "passphrase_title": null,
                  "privacy_policy_accept_label": null,
                  "privacy_policy_error": null,
                  "privacy_policy_link": null,
                  "privacy_policy_text": null,
                  "required_field_label": null,
                  "sign_in_label": null,
                  "sms_carrier_default": null,
                  "sms_carrier_error": null,
                  "sms_carrier_field_label": null,
                  "sms_code_cancel": null,
                  "sms_code_error": null,
                  "sms_code_field_label": null,
                  "sms_code_message": null,
                  "sms_code_submit": null,
                  "sms_code_title": null,
                  "sms_country_field_label": null,
                  "sms_country_format": null,
                  "sms_have_access_code": "a",
                  "sms_message_format": null,
                  "sms_number_cancel": null,
                  "sms_number_error": null,
                  "sms_number_field_label": null,
                  "sms_number_format": null,
                  "sms_number_message": null,
                  "sms_number_submit": null,
                  "sms_number_title": null,
                  "sms_username_format": null,
                  "sponsor_back_link": null,
                  "sponsor_cancel": null,
                  "sponsor_email": null,
                  "sponsor_email_error": null,
                  "sponsor_info_approved": null,
                  "sponsor_info_denied": null,
                  "sponsor_info_pending": null,
                  "sponsor_name": null,
                  "sponsor_name_error": null,
                  "sponsor_note_pending": null,
                  "sponsor_request_access": null,
                  "sponsor_status_approved": null,
                  "sponsor_status_denied": null,
                  "sponsor_status_pending": null,
                  "sponsor_submit": null,
                  "sponsors_error": null,
                  "sponsors_field_label": null,
                  "tos_accept_label": null,
                  "tos_error": null,
                  "tos_link": null,
                  "tos_text": null
                },
                "ru-RU": {
                  "auth_button_amazon": null,
                  "auth_button_azure": null,
                  "auth_button_email": null,
                  "auth_button_facebook": null,
                  "auth_button_google": null,
                  "auth_button_microsoft": null,
                  "auth_button_passphrase": null,
                  "auth_button_sms": null,
                  "auth_button_sponsor": null,
                  "auth_label": null,
                  "back_link": null,
                  "company_error": null,
                  "company_label": null,
                  "email_access_domain_error": null,
                  "email_cancel": null,
                  "email_code_cancel": null,
                  "email_code_error": null,
                  "email_code_field_label": null,
                  "email_code_message": null,
                  "email_code_submit": null,
                  "email_code_title": null,
                  "email_error": null,
                  "email_field_label": null,
                  "email_label": null,
                  "email_message": null,
                  "email_submit": null,
                  "email_title": null,
                  "field1error": null,
                  "field1label": null,
                  "field2error": null,
                  "field2label": null,
                  "field3error": null,
                  "field3label": null,
                  "field4error": null,
                  "field4label": null,
                  "message": null,
                  "name_error": null,
                  "name_label": null,
                  "optout_label": null,
                  "page_title": null,
                  "passphrase_cancel": null,
                  "passphrase_error": null,
                  "passphrase_label": null,
                  "passphrase_message": null,
                  "passphrase_submit": null,
                  "passphrase_title": null,
                  "privacy_policy_accept_label": null,
                  "privacy_policy_error": null,
                  "privacy_policy_link": null,
                  "privacy_policy_text": null,
                  "required_field_label": null,
                  "sign_in_label": null,
                  "sms_carrier_default": null,
                  "sms_carrier_error": null,
                  "sms_carrier_field_label": null,
                  "sms_code_cancel": null,
                  "sms_code_error": null,
                  "sms_code_field_label": null,
                  "sms_code_message": null,
                  "sms_code_submit": null,
                  "sms_code_title": null,
                  "sms_country_field_label": null,
                  "sms_country_format": null,
                  "sms_have_access_code": "a",
                  "sms_message_format": null,
                  "sms_number_cancel": null,
                  "sms_number_error": null,
                  "sms_number_field_label": null,
                  "sms_number_format": null,
                  "sms_number_message": null,
                  "sms_number_submit": null,
                  "sms_number_title": null,
                  "sms_username_format": null,
                  "sponsor_back_link": null,
                  "sponsor_cancel": null,
                  "sponsor_email": null,
                  "sponsor_email_error": null,
                  "sponsor_info_approved": null,
                  "sponsor_info_denied": null,
                  "sponsor_info_pending": null,
                  "sponsor_name": null,
                  "sponsor_name_error": null,
                  "sponsor_note_pending": null,
                  "sponsor_request_access": null,
                  "sponsor_status_approved": null,
                  "sponsor_status_denied": null,
                  "sponsor_status_pending": null,
                  "sponsor_submit": null,
                  "sponsors_error": null,
                  "sponsors_field_label": null,
                  "tos_accept_label": null,
                  "tos_error": null,
                  "tos_link": null,
                  "tos_text": null
                },
                "sk-SK": {
                  "auth_button_amazon": null,
                  "auth_button_azure": null,
                  "auth_button_email": null,
                  "auth_button_facebook": null,
                  "auth_button_google": null,
                  "auth_button_microsoft": null,
                  "auth_button_passphrase": null,
                  "auth_button_sms": null,
                  "auth_button_sponsor": null,
                  "auth_label": null,
                  "back_link": null,
                  "company_error": null,
                  "company_label": null,
                  "email_access_domain_error": null,
                  "email_cancel": null,
                  "email_code_cancel": null,
                  "email_code_error": null,
                  "email_code_field_label": null,
                  "email_code_message": null,
                  "email_code_submit": null,
                  "email_code_title": null,
                  "email_error": null,
                  "email_field_label": null,
                  "email_label": null,
                  "email_message": null,
                  "email_submit": null,
                  "email_title": null,
                  "field1error": null,
                  "field1label": null,
                  "field2error": null,
                  "field2label": null,
                  "field3error": null,
                  "field3label": null,
                  "field4error": null,
                  "field4label": null,
                  "message": null,
                  "name_error": null,
                  "name_label": null,
                  "optout_label": null,
                  "page_title": null,
                  "passphrase_cancel": null,
                  "passphrase_error": null,
                  "passphrase_label": null,
                  "passphrase_message": null,
                  "passphrase_submit": null,
                  "passphrase_title": null,
                  "privacy_policy_accept_label": null,
                  "privacy_policy_error": null,
                  "privacy_policy_link": null,
                  "privacy_policy_text": null,
                  "required_field_label": null,
                  "sign_in_label": null,
                  "sms_carrier_default": null,
                  "sms_carrier_error": null,
                  "sms_carrier_field_label": null,
                  "sms_code_cancel": null,
                  "sms_code_error": null,
                  "sms_code_field_label": null,
                  "sms_code_message": null,
                  "sms_code_submit": null,
                  "sms_code_title": null,
                  "sms_country_field_label": null,
                  "sms_country_format": null,
                  "sms_have_access_code": "a",
                  "sms_message_format": null,
                  "sms_number_cancel": null,
                  "sms_number_error": null,
                  "sms_number_field_label": null,
                  "sms_number_format": null,
                  "sms_number_message": null,
                  "sms_number_submit": null,
                  "sms_number_title": null,
                  "sms_username_format": null,
                  "sponsor_back_link": null,
                  "sponsor_cancel": null,
                  "sponsor_email": null,
                  "sponsor_email_error": null,
                  "sponsor_info_approved": null,
                  "sponsor_info_denied": null,
                  "sponsor_info_pending": null,
                  "sponsor_name": null,
                  "sponsor_name_error": null,
                  "sponsor_note_pending": null,
                  "sponsor_request_access": null,
                  "sponsor_status_approved": null,
                  "sponsor_status_denied": null,
                  "sponsor_status_pending": null,
                  "sponsor_submit": null,
                  "sponsors_error": null,
                  "sponsors_field_label": null,
                  "tos_accept_label": null,
                  "tos_error": null,
                  "tos_link": null,
                  "tos_text": null
                },
                "sv-SE": {
                  "auth_button_amazon": null,
                  "auth_button_azure": null,
                  "auth_button_email": null,
                  "auth_button_facebook": null,
                  "auth_button_google": null,
                  "auth_button_microsoft": null,
                  "auth_button_passphrase": null,
                  "auth_button_sms": null,
                  "auth_button_sponsor": null,
                  "auth_label": null,
                  "back_link": null,
                  "company_error": null,
                  "company_label": null,
                  "email_access_domain_error": null,
                  "email_cancel": null,
                  "email_code_cancel": null,
                  "email_code_error": null,
                  "email_code_field_label": null,
                  "email_code_message": null,
                  "email_code_submit": null,
                  "email_code_title": null,
                  "email_error": null,
                  "email_field_label": null,
                  "email_label": null,
                  "email_message": null,
                  "email_submit": null,
                  "email_title": null,
                  "field1error": null,
                  "field1label": null,
                  "field2error": null,
                  "field2label": null,
                  "field3error": null,
                  "field3label": null,
                  "field4error": null,
                  "field4label": null,
                  "message": null,
                  "name_error": null,
                  "name_label": null,
                  "optout_label": null,
                  "page_title": null,
                  "passphrase_cancel": null,
                  "passphrase_error": null,
                  "passphrase_label": null,
                  "passphrase_message": null,
                  "passphrase_submit": null,
                  "passphrase_title": null,
                  "privacy_policy_accept_label": null,
                  "privacy_policy_error": null,
                  "privacy_policy_link": null,
                  "privacy_policy_text": null,
                  "required_field_label": null,
                  "sign_in_label": null,
                  "sms_carrier_default": null,
                  "sms_carrier_error": null,
                  "sms_carrier_field_label": null,
                  "sms_code_cancel": null,
                  "sms_code_error": null,
                  "sms_code_field_label": null,
                  "sms_code_message": null,
                  "sms_code_submit": null,
                  "sms_code_title": null,
                  "sms_country_field_label": null,
                  "sms_country_format": null,
                  "sms_have_access_code": "a",
                  "sms_message_format": null,
                  "sms_number_cancel": null,
                  "sms_number_error": null,
                  "sms_number_field_label": null,
                  "sms_number_format": null,
                  "sms_number_message": null,
                  "sms_number_submit": null,
                  "sms_number_title": null,
                  "sms_username_format": null,
                  "sponsor_back_link": null,
                  "sponsor_cancel": null,
                  "sponsor_email": null,
                  "sponsor_email_error": null,
                  "sponsor_info_approved": null,
                  "sponsor_info_denied": null,
                  "sponsor_info_pending": null,
                  "sponsor_name": null,
                  "sponsor_name_error": null,
                  "sponsor_note_pending": null,
                  "sponsor_request_access": null,
                  "sponsor_status_approved": null,
                  "sponsor_status_denied": null,
                  "sponsor_status_pending": null,
                  "sponsor_submit": null,
                  "sponsors_error": null,
                  "sponsors_field_label": null,
                  "tos_accept_label": null,
                  "tos_error": null,
                  "tos_link": null,
                  "tos_text": null
                },
                "th-TH": {
                  "auth_button_amazon": null,
                  "auth_button_azure": null,
                  "auth_button_email": null,
                  "auth_button_facebook": null,
                  "auth_button_google": null,
                  "auth_button_microsoft": null,
                  "auth_button_passphrase": null,
                  "auth_button_sms": null,
                  "auth_button_sponsor": null,
                  "auth_label": null,
                  "back_link": null,
                  "company_error": null,
                  "company_label": null,
                  "email_access_domain_error": null,
                  "email_cancel": null,
                  "email_code_cancel": null,
                  "email_code_error": null,
                  "email_code_field_label": null,
                  "email_code_message": null,
                  "email_code_submit": null,
                  "email_code_title": null,
                  "email_error": null,
                  "email_field_label": null,
                  "email_label": null,
                  "email_message": null,
                  "email_submit": null,
                  "email_title": null,
                  "field1error": null,
                  "field1label": null,
                  "field2error": null,
                  "field2label": null,
                  "field3error": null,
                  "field3label": null,
                  "field4error": null,
                  "field4label": null,
                  "message": null,
                  "name_error": null,
                  "name_label": null,
                  "optout_label": null,
                  "page_title": null,
                  "passphrase_cancel": null,
                  "passphrase_error": null,
                  "passphrase_label": null,
                  "passphrase_message": null,
                  "passphrase_submit": null,
                  "passphrase_title": null,
                  "privacy_policy_accept_label": null,
                  "privacy_policy_error": null,
                  "privacy_policy_link": null,
                  "privacy_policy_text": null,
                  "required_field_label": null,
                  "sign_in_label": null,
                  "sms_carrier_default": null,
                  "sms_carrier_error": null,
                  "sms_carrier_field_label": null,
                  "sms_code_cancel": null,
                  "sms_code_error": null,
                  "sms_code_field_label": null,
                  "sms_code_message": null,
                  "sms_code_submit": null,
                  "sms_code_title": null,
                  "sms_country_field_label": null,
                  "sms_country_format": null,
                  "sms_have_access_code": "a",
                  "sms_message_format": null,
                  "sms_number_cancel": null,
                  "sms_number_error": null,
                  "sms_number_field_label": null,
                  "sms_number_format": null,
                  "sms_number_message": null,
                  "sms_number_submit": null,
                  "sms_number_title": null,
                  "sms_username_format": null,
                  "sponsor_back_link": null,
                  "sponsor_cancel": null,
                  "sponsor_email": null,
                  "sponsor_email_error": null,
                  "sponsor_info_approved": null,
                  "sponsor_info_denied": null,
                  "sponsor_info_pending": null,
                  "sponsor_name": null,
                  "sponsor_name_error": null,
                  "sponsor_note_pending": null,
                  "sponsor_request_access": null,
                  "sponsor_status_approved": null,
                  "sponsor_status_denied": null,
                  "sponsor_status_pending": null,
                  "sponsor_submit": null,
                  "sponsors_error": null,
                  "sponsors_field_label": null,
                  "tos_accept_label": null,
                  "tos_error": null,
                  "tos_link": null,
                  "tos_text": null
                },
                "tr-TR": {
                  "auth_button_amazon": null,
                  "auth_button_azure": null,
                  "auth_button_email": null,
                  "auth_button_facebook": null,
                  "auth_button_google": null,
                  "auth_button_microsoft": null,
                  "auth_button_passphrase": null,
                  "auth_button_sms": null,
                  "auth_button_sponsor": null,
                  "auth_label": null,
                  "back_link": null,
                  "company_error": null,
                  "company_label": null,
                  "email_access_domain_error": null,
                  "email_cancel": null,
                  "email_code_cancel": null,
                  "email_code_error": null,
                  "email_code_field_label": null,
                  "email_code_message": null,
                  "email_code_submit": null,
                  "email_code_title": null,
                  "email_error": null,
                  "email_field_label": null,
                  "email_label": null,
                  "email_message": null,
                  "email_submit": null,
                  "email_title": null,
                  "field1error": null,
                  "field1label": null,
                  "field2error": null,
                  "field2label": null,
                  "field3error": null,
                  "field3label": null,
                  "field4error": null,
                  "field4label": null,
                  "message": null,
                  "name_error": null,
                  "name_label": null,
                  "optout_label": null,
                  "page_title": null,
                  "passphrase_cancel": null,
                  "passphrase_error": null,
                  "passphrase_label": null,
                  "passphrase_message": null,
                  "passphrase_submit": null,
                  "passphrase_title": null,
                  "privacy_policy_accept_label": null,
                  "privacy_policy_error": null,
                  "privacy_policy_link": null,
                  "privacy_policy_text": null,
                  "required_field_label": null,
                  "sign_in_label": null,
                  "sms_carrier_default": null,
                  "sms_carrier_error": null,
                  "sms_carrier_field_label": null,
                  "sms_code_cancel": null,
                  "sms_code_error": null,
                  "sms_code_field_label": null,
                  "sms_code_message": null,
                  "sms_code_submit": null,
                  "sms_code_title": null,
                  "sms_country_field_label": null,
                  "sms_country_format": null,
                  "sms_have_access_code": "a",
                  "sms_message_format": null,
                  "sms_number_cancel": null,
                  "sms_number_error": null,
                  "sms_number_field_label": null,
                  "sms_number_format": null,
                  "sms_number_message": null,
                  "sms_number_submit": null,
                  "sms_number_title": null,
                  "sms_username_format": null,
                  "sponsor_back_link": null,
                  "sponsor_cancel": null,
                  "sponsor_email": null,
                  "sponsor_email_error": null,
                  "sponsor_info_approved": null,
                  "sponsor_info_denied": null,
                  "sponsor_info_pending": null,
                  "sponsor_name": null,
                  "sponsor_name_error": null,
                  "sponsor_note_pending": null,
                  "sponsor_request_access": null,
                  "sponsor_status_approved": null,
                  "sponsor_status_denied": null,
                  "sponsor_status_pending": null,
                  "sponsor_submit": null,
                  "sponsors_error": null,
                  "sponsors_field_label": null,
                  "tos_accept_label": null,
                  "tos_error": null,
                  "tos_link": null,
                  "tos_text": null
                },
                "uk-UA": {
                  "auth_button_amazon": null,
                  "auth_button_azure": null,
                  "auth_button_email": null,
                  "auth_button_facebook": null,
                  "auth_button_google": null,
                  "auth_button_microsoft": null,
                  "auth_button_passphrase": null,
                  "auth_button_sms": null,
                  "auth_button_sponsor": null,
                  "auth_label": null,
                  "back_link": null,
                  "company_error": null,
                  "company_label": null,
                  "email_access_domain_error": null,
                  "email_cancel": null,
                  "email_code_cancel": null,
                  "email_code_error": null,
                  "email_code_field_label": null,
                  "email_code_message": null,
                  "email_code_submit": null,
                  "email_code_title": null,
                  "email_error": null,
                  "email_field_label": null,
                  "email_label": null,
                  "email_message": null,
                  "email_submit": null,
                  "email_title": null,
                  "field1error": null,
                  "field1label": null,
                  "field2error": null,
                  "field2label": null,
                  "field3error": null,
                  "field3label": null,
                  "field4error": null,
                  "field4label": null,
                  "message": null,
                  "name_error": null,
                  "name_label": null,
                  "optout_label": null,
                  "page_title": null,
                  "passphrase_cancel": null,
                  "passphrase_error": null,
                  "passphrase_label": null,
                  "passphrase_message": null,
                  "passphrase_submit": null,
                  "passphrase_title": null,
                  "privacy_policy_accept_label": null,
                  "privacy_policy_error": null,
                  "privacy_policy_link": null,
                  "privacy_policy_text": null,
                  "required_field_label": null,
                  "sign_in_label": null,
                  "sms_carrier_default": null,
                  "sms_carrier_error": null,
                  "sms_carrier_field_label": null,
                  "sms_code_cancel": null,
                  "sms_code_error": null,
                  "sms_code_field_label": null,
                  "sms_code_message": null,
                  "sms_code_submit": null,
                  "sms_code_title": null,
                  "sms_country_field_label": null,
                  "sms_country_format": null,
                  "sms_have_access_code": "a",
                  "sms_message_format": null,
                  "sms_number_cancel": null,
                  "sms_number_error": null,
                  "sms_number_field_label": null,
                  "sms_number_format": null,
                  "sms_number_message": null,
                  "sms_number_submit": null,
                  "sms_number_title": null,
                  "sms_username_format": null,
                  "sponsor_back_link": null,
                  "sponsor_cancel": null,
                  "sponsor_email": null,
                  "sponsor_email_error": null,
                  "sponsor_info_approved": null,
                  "sponsor_info_denied": null,
                  "sponsor_info_pending": null,
                  "sponsor_name": null,
                  "sponsor_name_error": null,
                  "sponsor_note_pending": null,
                  "sponsor_request_access": null,
                  "sponsor_status_approved": null,
                  "sponsor_status_denied": null,
                  "sponsor_status_pending": null,
                  "sponsor_submit": null,
                  "sponsors_error": null,
                  "sponsors_field_label": null,
                  "tos_accept_label": null,
                  "tos_error": null,
                  "tos_link": null,
                  "tos_text": null
                },
                "vi-VN": {
                  "auth_button_amazon": null,
                  "auth_button_azure": null,
                  "auth_button_email": null,
                  "auth_button_facebook": null,
                  "auth_button_google": null,
                  "auth_button_microsoft": null,
                  "auth_button_passphrase": null,
                  "auth_button_sms": null,
                  "auth_button_sponsor": null,
                  "auth_label": null,
                  "back_link": null,
                  "company_error": null,
                  "company_label": null,
                  "email_access_domain_error": null,
                  "email_cancel": null,
                  "email_code_cancel": null,
                  "email_code_error": null,
                  "email_code_field_label": null,
                  "email_code_message": null,
                  "email_code_submit": null,
                  "email_code_title": null,
                  "email_error": null,
                  "email_field_label": null,
                  "email_label": null,
                  "email_message": null,
                  "email_submit": null,
                  "email_title": null,
                  "field1error": null,
                  "field1label": null,
                  "field2error": null,
                  "field2label": null,
                  "field3error": null,
                  "field3label": null,
                  "field4error": null,
                  "field4label": null,
                  "message": null,
                  "name_error": null,
                  "name_label": null,
                  "optout_label": null,
                  "page_title": null,
                  "passphrase_cancel": null,
                  "passphrase_error": null,
                  "passphrase_label": null,
                  "passphrase_message": null,
                  "passphrase_submit": null,
                  "passphrase_title": null,
                  "privacy_policy_accept_label": null,
                  "privacy_policy_error": null,
                  "privacy_policy_link": null,
                  "privacy_policy_text": null,
                  "required_field_label": null,
                  "sign_in_label": null,
                  "sms_carrier_default": null,
                  "sms_carrier_error": null,
                  "sms_carrier_field_label": null,
                  "sms_code_cancel": null,
                  "sms_code_error": null,
                  "sms_code_field_label": null,
                  "sms_code_message": null,
                  "sms_code_submit": null,
                  "sms_code_title": null,
                  "sms_country_field_label": null,
                  "sms_country_format": null,
                  "sms_have_access_code": "a",
                  "sms_message_format": null,
                  "sms_number_cancel": null,
                  "sms_number_error": null,
                  "sms_number_field_label": null,
                  "sms_number_format": null,
                  "sms_number_message": null,
                  "sms_number_submit": null,
                  "sms_number_title": null,
                  "sms_username_format": null,
                  "sponsor_back_link": null,
                  "sponsor_cancel": null,
                  "sponsor_email": null,
                  "sponsor_email_error": null,
                  "sponsor_info_approved": null,
                  "sponsor_info_denied": null,
                  "sponsor_info_pending": null,
                  "sponsor_name": null,
                  "sponsor_name_error": null,
                  "sponsor_note_pending": null,
                  "sponsor_request_access": null,
                  "sponsor_status_approved": null,
                  "sponsor_status_denied": null,
                  "sponsor_status_pending": null,
                  "sponsor_submit": null,
                  "sponsors_error": null,
                  "sponsors_field_label": null,
                  "tos_accept_label": null,
                  "tos_error": null,
                  "tos_link": null,
                  "tos_text": null
                },
                "zh-Hans": {
                  "auth_button_amazon": null,
                  "auth_button_azure": null,
                  "auth_button_email": null,
                  "auth_button_facebook": null,
                  "auth_button_google": null,
                  "auth_button_microsoft": null,
                  "auth_button_passphrase": null,
                  "auth_button_sms": null,
                  "auth_button_sponsor": null,
                  "auth_label": null,
                  "back_link": null,
                  "company_error": null,
                  "company_label": null,
                  "email_access_domain_error": null,
                  "email_cancel": null,
                  "email_code_cancel": null,
                  "email_code_error": null,
                  "email_code_field_label": null,
                  "email_code_message": null,
                  "email_code_submit": null,
                  "email_code_title": null,
                  "email_error": null,
                  "email_field_label": null,
                  "email_label": null,
                  "email_message": null,
                  "email_submit": null,
                  "email_title": null,
                  "field1error": null,
                  "field1label": null,
                  "field2error": null,
                  "field2label": null,
                  "field3error": null,
                  "field3label": null,
                  "field4error": null,
                  "field4label": null,
                  "message": null,
                  "name_error": null,
                  "name_label": null,
                  "optout_label": null,
                  "page_title": null,
                  "passphrase_cancel": null,
                  "passphrase_error": null,
                  "passphrase_label": null,
                  "passphrase_message": null,
                  "passphrase_submit": null,
                  "passphrase_title": null,
                  "privacy_policy_accept_label": null,
                  "privacy_policy_error": null,
                  "privacy_policy_link": null,
                  "privacy_policy_text": null,
                  "required_field_label": null,
                  "sign_in_label": null,
                  "sms_carrier_default": null,
                  "sms_carrier_error": null,
                  "sms_carrier_field_label": null,
                  "sms_code_cancel": null,
                  "sms_code_error": null,
                  "sms_code_field_label": null,
                  "sms_code_message": null,
                  "sms_code_submit": null,
                  "sms_code_title": null,
                  "sms_country_field_label": null,
                  "sms_country_format": null,
                  "sms_have_access_code": "a",
                  "sms_message_format": null,
                  "sms_number_cancel": null,
                  "sms_number_error": null,
                  "sms_number_field_label": null,
                  "sms_number_format": null,
                  "sms_number_message": null,
                  "sms_number_submit": null,
                  "sms_number_title": null,
                  "sms_username_format": null,
                  "sponsor_back_link": null,
                  "sponsor_cancel": null,
                  "sponsor_email": null,
                  "sponsor_email_error": null,
                  "sponsor_info_approved": null,
                  "sponsor_info_denied": null,
                  "sponsor_info_pending": null,
                  "sponsor_name": null,
                  "sponsor_name_error": null,
                  "sponsor_note_pending": null,
                  "sponsor_request_access": null,
                  "sponsor_status_approved": null,
                  "sponsor_status_denied": null,
                  "sponsor_status_pending": null,
                  "sponsor_submit": null,
                  "sponsors_error": null,
                  "sponsors_field_label": null,
                  "tos_accept_label": null,
                  "tos_error": null,
                  "tos_link": null,
                  "tos_text": null
                },
                "zh-Hant": {
                  "auth_button_amazon": null,
                  "auth_button_azure": null,
                  "auth_button_email": null,
                  "auth_button_facebook": null,
                  "auth_button_google": null,
                  "auth_button_microsoft": null,
                  "auth_button_passphrase": null,
                  "auth_button_sms": null,
                  "auth_button_sponsor": null,
                  "auth_label": null,
                  "back_link": null,
                  "company_error": null,
                  "company_label": null,
                  "email_access_domain_error": null,
                  "email_cancel": null,
                  "email_code_cancel": null,
                  "email_code_error": null,
                  "email_code_field_label": null,
                  "email_code_message": null,
                  "email_code_submit": null,
                  "email_code_title": null,
                  "email_error": null,
                  "email_field_label": null,
                  "email_label": null,
                  "email_message": null,
                  "email_submit": null,
                  "email_title": null,
                  "field1error": null,
                  "field1label": null,
                  "field2error": null,
                  "field2label": null,
                  "field3error": null,
                  "field3label": null,
                  "field4error": null,
                  "field4label": null,
                  "message": null,
                  "name_error": null,
                  "name_label": null,
                  "optout_label": null,
                  "page_title": null,
                  "passphrase_cancel": null,
                  "passphrase_error": null,
                  "passphrase_label": null,
                  "passphrase_message": null,
                  "passphrase_submit": null,
                  "passphrase_title": null,
                  "privacy_policy_accept_label": null,
                  "privacy_policy_error": null,
                  "privacy_policy_link": null,
                  "privacy_policy_text": null,
                  "required_field_label": null,
                  "sign_in_label": null,
                  "sms_carrier_default": null,
                  "sms_carrier_error": null,
                  "sms_carrier_field_label": null,
                  "sms_code_cancel": null,
                  "sms_code_error": null,
                  "sms_code_field_label": null,
                  "sms_code_message": null,
                  "sms_code_submit": null,
                  "sms_code_title": null,
                  "sms_country_field_label": null,
                  "sms_country_format": null,
                  "sms_have_access_code": "a",
                  "sms_message_format": null,
                  "sms_number_cancel": null,
                  "sms_number_error": null,
                  "sms_number_field_label": null,
                  "sms_number_format": null,
                  "sms_number_message": null,
                  "sms_number_submit": null,
                  "sms_number_title": null,
                  "sms_username_format": null,
                  "sponsor_back_link": null,
                  "sponsor_cancel": null,
                  "sponsor_email": null,
                  "sponsor_email_error": null,
                  "sponsor_info_approved": null,
                  "sponsor_info_denied": null,
                  "sponsor_info_pending": null,
                  "sponsor_name": null,
                  "sponsor_name_error": null,
                  "sponsor_note_pending": null,
                  "sponsor_request_access": null,
                  "sponsor_status_approved": null,
                  "sponsor_status_denied": null,
                  "sponsor_status_pending": null,
                  "sponsor_submit": null,
                  "sponsors_error": null,
                  "sponsors_field_label": null,
                  "tos_accept_label": null,
                  "tos_error": null,
                  "tos_link": null,
                  "tos_text": null
                }
              },
              "logo": "",
              "message": "Sign in to get online",
              "multi_auth": false,
              "name": true,
              "name_error": "Please provide your name",
              "name_label": "Name",
              "opt_out_default": true,
              "optout": true,
              "optout_label": "Do not store",
              "page_title": "Welcome",
              "passphrase_cancel": "Cancel",
              "passphrase_error": "Invalid Passphrase",
              "passphrase_label": "Passphrase",
              "passphrase_message": "Enter the secret passphrase to access the WiFi network.",
              "passphrase_submit": "Sign in",
              "passphrase_title": "Sign in with Passphrase",
              "powered_by": true,
              "privacy": false,
              "privacy_policy_accept_label": "I accept the Privacy Terms",
              "privacy_policy_error": "Please review and accept the Privacy Terms",
              "privacy_policy_link": "Privacy Terms",
              "privacy_policy_text": "\u003c\u003c provide your Privacy Terms here \u003e\u003e",
              "required_field_label": "required",
              "responsive_layout": true,
              "sign_in_label": "Sign In",
              "sms_carrier_default": "Please Select",
              "sms_carrier_error": "Please select a mobile carrier",
              "sms_carrier_field_label": "Mobile Carrier",
              "sms_code_cancel": "I did not receive the code",
              "sms_code_error": "Invalid Access Code",
              "sms_code_field_label": "Confirmation Code",
              "sms_code_message": "Enter the access number that was sent to your mobile number.",
              "sms_code_submit": "Sign In",
              "sms_code_title": "Access Code",
              "sms_country_field_label": "Country Code",
              "sms_country_format": "+1",
              "sms_have_access_code": "I have an access code",
              "sms_is_twilio": false,
              "sms_message_format": "Code {{code}} expires in {{duration}} minutes.",
              "sms_number_cancel": "Cancel",
              "sms_number_error": "Invalid Mobile Number",
              "sms_number_field_label": "Mobile Number",
              "sms_number_format": "2125551212 (digits only)",
              "sms_number_message": "We will send an access code to your mobile number which you can use to connect to the WiFi network. Message and data rates may apply.",
              "sms_number_submit": "Send Access Code",
              "sms_number_title": "Sign in with Text Message",
              "sms_username_format": "username",
              "sms_validity_duration": 10,
              "sponsor_back_link": "Go back and edit request form",
              "sponsor_cancel": "Cancel",
              "sponsor_email": "Sponsor Email",
              "sponsor_email_error": "Please provide valid sponsor email",
              "sponsor_email_template": "",
              "sponsor_info_approved": "Your request was approved by",
              "sponsor_info_denied": "Your request was denied by",
              "sponsor_info_pending": "Your notification has been sent to",
              "sponsor_name": "Sponsor Name",
              "sponsor_name_error": "Please provide sponsor name",
              "sponsor_note_pending": "Please wait for them to acknowledge.",
              "sponsor_request_access": "Request WiFi Access",
              "sponsor_status_approved": "Your request was approved",
              "sponsor_status_denied": "Your request was denied",
              "sponsor_status_pending": "Notification Sent",
              "sponsor_submit": "Request WiFi Access",
              "sponsors_error": "Please select a sponsor",
              "sponsors_field_label": "Sponsors",
              "tos": true,
              "tos_accept_label": "I accept the Terms of Service",
              "tos_error": "Please review and accept the Terms of Service",
              "tos_link": "Terms of Service",
              "tos_text": "\u003c\u003c provide your Terms of Service here \u003e\u003e"
            },
            "wlan_id": "25aa1c90-2e8c-40c5-a1e8-0231ad565a6c"
          },
          "sensitive_attributes": [],
          "dependencies": [
            "mist_org.terraform_test",
            "mist_org_wlan.test_open",
            "mist_org_wlantemplate.wlantemplate_one"
          ]
        }
      ]
    },
    {
      "mode": "managed",
      "type": "mist_org_wlantemplate",
      "name": "test101",
      "provider": "provider[\"registry.terraform.io/juniper/mist\"]",
      "instances": [
        {
          "schema_version": 0,
          "attributes": {
            "applies": {
              "org_id": null,
              "site_ids": [
                "eb44b2dd-88ff-4468-b6c9-3ab39cbaff62"
              ],
              "sitegroup_ids": []
            },
            "deviceprofile_ids": [],
            "exceptions": null,
            "filter_by_deviceprofile": false,
            "id": "6fd69579-d5d1-464c-ac1e-70f294a1aefe",
            "name": "test101",
            "org_id": "992bf4b9-c900-4850-9992-107b2f9df928"
          },
          "sensitive_attributes": [],
          "dependencies": [
            "mist_org.terraform_test",
            "mist_site.terraform_site"
          ]
        }
      ]
    },
    {
      "mode": "managed",
      "type": "mist_org_wlantemplate",
      "name": "wlantemplate_one",
      "provider": "provider[\"registry.terraform.io/juniper/mist\"]",
      "instances": [
        {
          "schema_version": 0,
          "attributes": {
            "applies": null,
            "deviceprofile_ids": [],
            "exceptions": null,
            "filter_by_deviceprofile": false,
            "id": "a4e7168b-12d7-413c-b388-b4f20f7be345",
            "name": "wlantemplate",
            "org_id": "992bf4b9-c900-4850-9992-107b2f9df928"
          },
          "sensitive_attributes": [],
          "dependencies": [
            "mist_org.terraform_test"
          ]
        }
      ]
    },
    {
      "mode": "managed",
      "type": "mist_org_wxrule",
      "name": "test_00",
      "provider": "provider[\"registry.terraform.io/juniper/mist\"]",
      "instances": [
        {
          "schema_version": 0,
          "attributes": {
            "action": "block",
            "apply_tags": null,
            "blocked_apps": null,
            "dst_allow_wxtags": [],
            "dst_deny_wxtags": [],
            "dst_wxtags": [],
            "enabled": true,
            "id": "85aea6f3-1c13-4327-852c-9471cb0d5831",
            "order": -1,
            "org_id": "992bf4b9-c900-4850-9992-107b2f9df928",
            "src_wxtags": [],
            "template_id": "6fd69579-d5d1-464c-ac1e-70f294a1aefe"
          },
          "sensitive_attributes": [],
          "dependencies": [
            "mist_org.terraform_test",
            "mist_org_wlantemplate.test101",
            "mist_site.terraform_site"
          ]
        }
      ]
    },
    {
      "mode": "managed",
      "type": "mist_org_wxrule",
      "name": "test_01",
      "provider": "provider[\"registry.terraform.io/juniper/mist\"]",
      "instances": [
        {
          "schema_version": 0,
          "attributes": {
            "action": "allow",
            "apply_tags": null,
            "blocked_apps": null,
            "dst_allow_wxtags": [],
            "dst_deny_wxtags": [
              "b0f835eb-e33e-4b7a-bd46-8ce020dbdfcb"
            ],
            "dst_wxtags": [],
            "enabled": true,
            "id": "e506587d-738d-48dc-a404-0a21752bde1e",
            "order": 1,
            "org_id": "992bf4b9-c900-4850-9992-107b2f9df928",
            "src_wxtags": [
              "f6856a52-5a2e-4f49-af15-7b1107e82a7b"
            ],
            "template_id": "6fd69579-d5d1-464c-ac1e-70f294a1aefe"
          },
          "sensitive_attributes": [],
          "dependencies": [
            "mist_org.terraform_test",
            "mist_org_wlantemplate.test101",
            "mist_org_wxtag.test_30",
            "mist_org_wxtag.test_32",
            "mist_site.terraform_site"
          ]
        }
      ]
    },
    {
      "mode": "managed",
      "type": "mist_org_wxrule",
      "name": "test_02",
      "provider": "provider[\"registry.terraform.io/juniper/mist\"]",
      "instances": [
        {
          "schema_version": 0,
          "attributes": {
            "action": "allow",
            "apply_tags": null,
            "blocked_apps": null,
            "dst_allow_wxtags": [],
            "dst_deny_wxtags": [],
            "dst_wxtags": [],
            "enabled": false,
            "id": "79c4ba28-b8f9-423a-aced-93aa540ba07a",
            "order": 2,
            "org_id": "992bf4b9-c900-4850-9992-107b2f9df928",
            "src_wxtags": [],
            "template_id": "6fd69579-d5d1-464c-ac1e-70f294a1aefe"
          },
          "sensitive_attributes": [],
          "dependencies": [
            "mist_org.terraform_test",
            "mist_org_wlantemplate.test101",
            "mist_site.terraform_site"
          ]
        }
      ]
    },
    {
      "mode": "managed",
      "type": "mist_org_wxtag",
      "name": "test_1",
      "provider": "provider[\"registry.terraform.io/juniper/mist\"]",
      "instances": [
        {
          "schema_version": 0,
          "attributes": {
            "id": "29f29691-e350-4a2e-90e3-2bbb48a116ed",
            "mac": null,
            "match": "ip_range_subnet",
            "name": "Internal Network",
            "op": "in",
            "org_id": "992bf4b9-c900-4850-9992-107b2f9df928",
            "specs": null,
            "type": "match",
            "values": [
              "10.3.0.0/16"
            ],
            "vlan_id": null
          },
          "sensitive_attributes": [],
          "dependencies": [
            "mist_org.terraform_test"
          ]
        }
      ]
    },
    {
      "mode": "managed",
      "type": "mist_org_wxtag",
      "name": "test_10",
      "provider": "provider[\"registry.terraform.io/juniper/mist\"]",
      "instances": [
        {
          "schema_version": 0,
          "attributes": {
            "id": "47da231e-8721-464e-a72d-de0967db8072",
            "mac": "9a4fccaa8f82",
            "match": null,
            "name": "ma station",
            "op": "in",
            "org_id": "992bf4b9-c900-4850-9992-107b2f9df928",
            "specs": null,
            "type": "client",
            "values": null,
            "vlan_id": null
          },
          "sensitive_attributes": [],
          "dependencies": [
            "mist_org.terraform_test"
          ]
        }
      ]
    },
    {
      "mode": "managed",
      "type": "mist_org_wxtag",
      "name": "test_12",
      "provider": "provider[\"registry.terraform.io/juniper/mist\"]",
      "instances": [
        {
          "schema_version": 0,
          "attributes": {
            "id": "31bf7f6b-127d-4d4a-a67e-4c768d3b4c38",
            "mac": null,
            "match": "radius_group",
            "name": "iot_label",
            "op": "in",
            "org_id": "992bf4b9-c900-4850-9992-107b2f9df928",
            "specs": null,
            "type": "match",
            "values": [
              "iot"
            ],
            "vlan_id": null
          },
          "sensitive_attributes": [],
          "dependencies": [
            "mist_org.terraform_test"
          ]
        }
      ]
    },
    {
      "mode": "managed",
      "type": "mist_org_wxtag",
      "name": "test_13",
      "provider": "provider[\"registry.terraform.io/juniper/mist\"]",
      "instances": [
        {
          "schema_version": 0,
          "attributes": {
            "id": "2fbf1131-64ad-407a-bf61-5ad498724e98",
            "mac": null,
            "match": "radius_group",
            "name": "station",
            "op": "in",
            "org_id": "992bf4b9-c900-4850-9992-107b2f9df928",
            "specs": null,
            "type": "match",
            "values": [
              "station"
            ],
            "vlan_id": null
          },
          "sensitive_attributes": [],
          "dependencies": [
            "mist_org.terraform_test"
          ]
        }
      ]
    },
    {
      "mode": "managed",
      "type": "mist_org_wxtag",
      "name": "test_14",
      "provider": "provider[\"registry.terraform.io/juniper/mist\"]",
      "instances": [
        {
          "schema_version": 0,
          "attributes": {
            "id": "862bcc76-ec7f-4a09-9bc8-d51f38c593f1",
            "mac": null,
            "match": "ap_id",
            "name": "AP_test",
            "op": "not_in",
            "org_id": "992bf4b9-c900-4850-9992-107b2f9df928",
            "specs": null,
            "type": "match",
            "values": [
              "0000000"
            ],
            "vlan_id": null
          },
          "sensitive_attributes": [],
          "dependencies": [
            "mist_org.terraform_test"
          ]
        }
      ]
    },
    {
      "mode": "managed",
      "type": "mist_org_wxtag",
      "name": "test_15",
      "provider": "provider[\"registry.terraform.io/juniper/mist\"]",
      "instances": [
        {
          "schema_version": 0,
          "attributes": {
            "id": "c31ee17f-4716-4e67-8349-2d30816856dd",
            "mac": null,
            "match": "radius_group",
            "name": "test",
            "op": "in",
            "org_id": "992bf4b9-c900-4850-9992-107b2f9df928",
            "specs": null,
            "type": "match",
            "values": [
              "test"
            ],
            "vlan_id": null
          },
          "sensitive_attributes": [],
          "dependencies": [
            "mist_org.terraform_test"
          ]
        }
      ]
    },
    {
      "mode": "managed",
      "type": "mist_org_wxtag",
      "name": "test_16",
      "provider": "provider[\"registry.terraform.io/juniper/mist\"]",
      "instances": [
        {
          "schema_version": 0,
          "attributes": {
            "id": "19777c9c-fda0-468c-ad32-734e92ab1cfa",
            "mac": null,
            "match": "psk_role",
            "name": "VIP",
            "op": "in",
            "org_id": "992bf4b9-c900-4850-9992-107b2f9df928",
            "specs": null,
            "type": "match",
            "values": [
              "test"
            ],
            "vlan_id": null
          },
          "sensitive_attributes": [],
          "dependencies": [
            "mist_org.terraform_test"
          ]
        }
      ]
    },
    {
      "mode": "managed",
      "type": "mist_org_wxtag",
      "name": "test_16_1",
      "provider": "provider[\"registry.terraform.io/juniper/mist\"]",
      "instances": [
        {
          "schema_version": 0,
          "attributes": {
            "id": "13ccac87-b5e2-437b-92ef-0862cce6f843",
            "mac": null,
            "match": "ip_range_subnet",
            "name": "vcsa.stag.one_ip",
            "op": "in",
            "org_id": "992bf4b9-c900-4850-9992-107b2f9df928",
            "specs": null,
            "type": "match",
            "values": [
              "10.3.20.164"
            ],
            "vlan_id": null
          },
          "sensitive_attributes": [],
          "dependencies": [
            "mist_org.terraform_test"
          ]
        }
      ]
    },
    {
      "mode": "managed",
      "type": "mist_org_wxtag",
      "name": "test_17",
      "provider": "provider[\"registry.terraform.io/juniper/mist\"]",
      "instances": [
        {
          "schema_version": 0,
          "attributes": {
            "id": "20db3415-d883-44fb-92ff-3058ef32656b",
            "mac": null,
            "match": "app",
            "name": "Allowed Applications",
            "op": "not_in",
            "org_id": "992bf4b9-c900-4850-9992-107b2f9df928",
            "specs": null,
            "type": "match",
            "values": [
              "ringcentral",
              "gcp",
              "gsuite",
              "teamviewer",
              "ms-teams"
            ],
            "vlan_id": null
          },
          "sensitive_attributes": [],
          "dependencies": [
            "mist_org.terraform_test"
          ]
        }
      ]
    },
    {
      "mode": "managed",
      "type": "mist_org_wxtag",
      "name": "test_18",
      "provider": "provider[\"registry.terraform.io/juniper/mist\"]",
      "instances": [
        {
          "schema_version": 0,
          "attributes": {
            "id": "8878c3b5-6723-423a-9558-17d978e22ce8",
            "mac": null,
            "match": "ip_range_subnet",
            "name": "any",
            "op": "in",
            "org_id": "992bf4b9-c900-4850-9992-107b2f9df928",
            "specs": null,
            "type": "match",
            "values": [
              "0.0.0.0/0"
            ],
            "vlan_id": null
          },
          "sensitive_attributes": [],
          "dependencies": [
            "mist_org.terraform_test"
          ]
        }
      ]
    },
    {
      "mode": "managed",
      "type": "mist_org_wxtag",
      "name": "test_19",
      "provider": "provider[\"registry.terraform.io/juniper/mist\"]",
      "instances": [
        {
          "schema_version": 0,
          "attributes": {
            "id": "6b2112a6-d18c-42b7-a763-8f2dbe32bbce",
            "mac": null,
            "match": "hostname",
            "name": "manage.mist.com",
            "op": "in",
            "org_id": "992bf4b9-c900-4850-9992-107b2f9df928",
            "specs": null,
            "type": "match",
            "values": [
              "manage.mist.com",
              "api.mist.com"
            ],
            "vlan_id": null
          },
          "sensitive_attributes": [],
          "dependencies": [
            "mist_org.terraform_test"
          ]
        }
      ]
    },
    {
      "mode": "managed",
      "type": "mist_org_wxtag",
      "name": "test_19_1",
      "provider": "provider[\"registry.terraform.io/juniper/mist\"]",
      "instances": [
        {
          "schema_version": 0,
          "attributes": {
            "id": "df9712fd-1c00-441a-b90f-80c35cc38ae8",
            "mac": null,
            "match": "radius_group",
            "name": "demopsk",
            "op": "in",
            "org_id": "992bf4b9-c900-4850-9992-107b2f9df928",
            "specs": null,
            "type": "match",
            "values": [
              "demopsk"
            ],
            "vlan_id": null
          },
          "sensitive_attributes": [],
          "dependencies": [
            "mist_org.terraform_test"
          ]
        }
      ]
    },
    {
      "mode": "managed",
      "type": "mist_org_wxtag",
      "name": "test_2",
      "provider": "provider[\"registry.terraform.io/juniper/mist\"]",
      "instances": [
        {
          "schema_version": 0,
          "attributes": {
            "id": "710ae073-3224-40cb-8915-f2b8d04f356b",
            "mac": null,
            "match": "port",
            "name": "DNS",
            "op": "in",
            "org_id": "992bf4b9-c900-4850-9992-107b2f9df928",
            "specs": null,
            "type": "match",
            "values": [
              "53"
            ],
            "vlan_id": null
          },
          "sensitive_attributes": [],
          "dependencies": [
            "mist_org.terraform_test"
          ]
        }
      ]
    },
    {
      "mode": "managed",
      "type": "mist_org_wxtag",
      "name": "test_20",
      "provider": "provider[\"registry.terraform.io/juniper/mist\"]",
      "instances": [
        {
          "schema_version": 0,
          "attributes": {
            "id": "16abc608-205f-4217-b940-984d57c57756",
            "mac": null,
            "match": "hostname",
            "name": "resource_mist:443",
            "op": "in",
            "org_id": "992bf4b9-c900-4850-9992-107b2f9df928",
            "specs": null,
            "type": "match",
            "values": [
              "manage.mist.com:443"
            ],
            "vlan_id": null
          },
          "sensitive_attributes": [],
          "dependencies": [
            "mist_org.terraform_test"
          ]
        }
      ]
    },
    {
      "mode": "managed",
      "type": "mist_org_wxtag",
      "name": "test_21",
      "provider": "provider[\"registry.terraform.io/juniper/mist\"]",
      "instances": [
        {
          "schema_version": 0,
          "attributes": {
            "id": "f19c018e-c3c2-4063-80d5-33c6432ed8fa",
            "mac": null,
            "match": null,
            "name": "internet:443",
            "op": "in",
            "org_id": "992bf4b9-c900-4850-9992-107b2f9df928",
            "specs": [
              {
                "port_range": "443",
                "protocol": "tcp",
                "subnets": [
                  "0.0.0.0/0"
                ]
              }
            ],
            "type": "spec",
            "values": null,
            "vlan_id": null
          },
          "sensitive_attributes": [],
          "dependencies": [
            "mist_org.terraform_test"
          ]
        }
      ]
    },
    {
      "mode": "managed",
      "type": "mist_org_wxtag",
      "name": "test_22",
      "provider": "provider[\"registry.terraform.io/juniper/mist\"]",
      "instances": [
        {
          "schema_version": 0,
          "attributes": {
            "id": "216cecd0-6061-44db-af7b-4b9227de9a30",
            "mac": null,
            "match": "port",
            "name": "DNS_all",
            "op": "in",
            "org_id": "992bf4b9-c900-4850-9992-107b2f9df928",
            "specs": null,
            "type": "match",
            "values": [
              "53"
            ],
            "vlan_id": null
          },
          "sensitive_attributes": [],
          "dependencies": [
            "mist_org.terraform_test"
          ]
        }
      ]
    },
    {
      "mode": "managed",
      "type": "mist_org_wxtag",
      "name": "test_23",
      "provider": "provider[\"registry.terraform.io/juniper/mist\"]",
      "instances": [
        {
          "schema_version": 0,
          "attributes": {
            "id": "f3ab182c-0680-4535-8232-5a3e0584889a",
            "mac": null,
            "match": null,
            "name": "DNS_internal",
            "op": "in",
            "org_id": "992bf4b9-c900-4850-9992-107b2f9df928",
            "specs": [
              {
                "port_range": "53",
                "protocol": "any",
                "subnets": [
                  "10.3.20.201",
                  "10.3.51.222"
                ]
              }
            ],
            "type": "spec",
            "values": null,
            "vlan_id": null
          },
          "sensitive_attributes": [],
          "dependencies": [
            "mist_org.terraform_test"
          ]
        }
      ]
    },
    {
      "mode": "managed",
      "type": "mist_org_wxtag",
      "name": "test_24",
      "provider": "provider[\"registry.terraform.io/juniper/mist\"]",
      "instances": [
        {
          "schema_version": 0,
          "attributes": {
            "id": "4655b3d6-ecc1-4d2b-af71-3824fe988157",
            "mac": null,
            "match": "hostname",
            "name": "netflix",
            "op": "in",
            "org_id": "992bf4b9-c900-4850-9992-107b2f9df928",
            "specs": null,
            "type": "match",
            "values": [
              "netflix.com"
            ],
            "vlan_id": null
          },
          "sensitive_attributes": [],
          "dependencies": [
            "mist_org.terraform_test"
          ]
        }
      ]
    },
    {
      "mode": "managed",
      "type": "mist_org_wxtag",
      "name": "test_25",
      "provider": "provider[\"registry.terraform.io/juniper/mist\"]",
      "instances": [
        {
          "schema_version": 0,
          "attributes": {
            "id": "b827351e-9677-4f6e-940c-77800fcbc46d",
            "mac": null,
            "match": "ip_range_subnet",
            "name": "RFC1918",
            "op": "in",
            "org_id": "992bf4b9-c900-4850-9992-107b2f9df928",
            "specs": null,
            "type": "match",
            "values": [
              "10.0.0.0/8",
              "172.16.0.0/22",
              "192.168.0.0/16"
            ],
            "vlan_id": null
          },
          "sensitive_attributes": [],
          "dependencies": [
            "mist_org.terraform_test"
          ]
        }
      ]
    },
    {
      "mode": "managed",
      "type": "mist_org_wxtag",
      "name": "test_26",
      "provider": "provider[\"registry.terraform.io/juniper/mist\"]",
      "instances": [
        {
          "schema_version": 0,
          "attributes": {
            "id": "c6b28ea3-b5c2-477d-9368-56f297671016",
            "mac": null,
            "match": "ip_range_subnet",
            "name": "iot_subnet",
            "op": "in",
            "org_id": "992bf4b9-c900-4850-9992-107b2f9df928",
            "specs": null,
            "type": "match",
            "values": [
              "10.3.8.0/24"
            ],
            "vlan_id": null
          },
          "sensitive_attributes": [],
          "dependencies": [
            "mist_org.terraform_test"
          ]
        }
      ]
    },
    {
      "mode": "managed",
      "type": "mist_org_wxtag",
      "name": "test_27",
      "provider": "provider[\"registry.terraform.io/juniper/mist\"]",
      "instances": [
        {
          "schema_version": 0,
          "attributes": {
            "id": "74f3d14d-3875-48b4-80e3-624edaf58db7",
            "mac": null,
            "match": "hostname",
            "name": "teamviewer",
            "op": "in",
            "org_id": "992bf4b9-c900-4850-9992-107b2f9df928",
            "specs": null,
            "type": "match",
            "values": [
              ".teamviewer.com:5938",
              ".teamviewer.com:443"
            ],
            "vlan_id": null
          },
          "sensitive_attributes": [],
          "dependencies": [
            "mist_org.terraform_test"
          ]
        }
      ]
    },
    {
      "mode": "managed",
      "type": "mist_org_wxtag",
      "name": "test_29",
      "provider": "provider[\"registry.terraform.io/juniper/mist\"]",
      "instances": [
        {
          "schema_version": 0,
          "attributes": {
            "id": "3a432ae4-af52-451d-b62d-b979139b7766",
            "mac": null,
            "match": "wlan_id",
            "name": "my ssid",
            "op": "in",
            "org_id": "992bf4b9-c900-4850-9992-107b2f9df928",
            "specs": null,
            "type": "match",
            "values": [
              "test"
            ],
            "vlan_id": null
          },
          "sensitive_attributes": [],
          "dependencies": [
            "mist_org.terraform_test"
          ]
        }
      ]
    },
    {
      "mode": "managed",
      "type": "mist_org_wxtag",
      "name": "test_3",
      "provider": "provider[\"registry.terraform.io/juniper/mist\"]",
      "instances": [
        {
          "schema_version": 0,
          "attributes": {
            "id": "a171c915-b497-4deb-8701-862d4db1862e",
            "mac": null,
            "match": "port",
            "name": "HTTPS",
            "op": "in",
            "org_id": "992bf4b9-c900-4850-9992-107b2f9df928",
            "specs": null,
            "type": "match",
            "values": [
              "443"
            ],
            "vlan_id": null
          },
          "sensitive_attributes": [],
          "dependencies": [
            "mist_org.terraform_test"
          ]
        }
      ]
    },
    {
      "mode": "managed",
      "type": "mist_org_wxtag",
      "name": "test_30",
      "provider": "provider[\"registry.terraform.io/juniper/mist\"]",
      "instances": [
        {
          "schema_version": 0,
          "attributes": {
            "id": "b0f835eb-e33e-4b7a-bd46-8ce020dbdfcb",
            "mac": null,
            "match": "hostname",
            "name": "cdn.segment.com",
            "op": "in",
            "org_id": "992bf4b9-c900-4850-9992-107b2f9df928",
            "specs": null,
            "type": "match",
            "values": [
              "cdn.segment.com"
            ],
            "vlan_id": null
          },
          "sensitive_attributes": [],
          "dependencies": [
            "mist_org.terraform_test"
          ]
        }
      ]
    },
    {
      "mode": "managed",
      "type": "mist_org_wxtag",
      "name": "test_32",
      "provider": "provider[\"registry.terraform.io/juniper/mist\"]",
      "instances": [
        {
          "schema_version": 0,
          "attributes": {
            "id": "f6856a52-5a2e-4f49-af15-7b1107e82a7b",
            "mac": null,
            "match": "wlan_id",
            "name": "MlN.1X",
            "op": "in",
            "org_id": "992bf4b9-c900-4850-9992-107b2f9df928",
            "specs": null,
            "type": "match",
            "values": [
              "test"
            ],
            "vlan_id": null
          },
          "sensitive_attributes": [],
          "dependencies": [
            "mist_org.terraform_test"
          ]
        }
      ]
    },
    {
      "mode": "managed",
      "type": "mist_org_wxtag",
      "name": "test_4",
      "provider": "provider[\"registry.terraform.io/juniper/mist\"]",
      "instances": [
        {
          "schema_version": 0,
          "attributes": {
            "id": "9d26b197-3d1d-4ef3-9e2c-4921243f794b",
            "mac": null,
            "match": "port",
            "name": "HTTP",
            "op": "in",
            "org_id": "992bf4b9-c900-4850-9992-107b2f9df928",
            "specs": null,
            "type": "match",
            "values": [
              "80"
            ],
            "vlan_id": null
          },
          "sensitive_attributes": [],
          "dependencies": [
            "mist_org.terraform_test"
          ]
        }
      ]
    },
    {
      "mode": "managed",
      "type": "mist_org_wxtag",
      "name": "test_5",
      "provider": "provider[\"registry.terraform.io/juniper/mist\"]",
      "instances": [
        {
          "schema_version": 0,
          "attributes": {
            "id": "4ff69eb9-9f2b-4b37-9cfb-c7020107d0e2",
            "mac": null,
            "match": "hostname",
            "name": "my app",
            "op": "in",
            "org_id": "992bf4b9-c900-4850-9992-107b2f9df928",
            "specs": null,
            "type": "match",
            "values": [
              "www.myapp.com:443"
            ],
            "vlan_id": null
          },
          "sensitive_attributes": [],
          "dependencies": [
            "mist_org.terraform_test"
          ]
        }
      ]
    },
    {
      "mode": "managed",
      "type": "mist_org_wxtag",
      "name": "test_6",
      "provider": "provider[\"registry.terraform.io/juniper/mist\"]",
      "instances": [
        {
          "schema_version": 0,
          "attributes": {
            "id": "86648c02-bb37-4b82-9f32-476b2bb8ea5c",
            "mac": null,
            "match": "radius_group",
            "name": "test1",
            "op": "in",
            "org_id": "992bf4b9-c900-4850-9992-107b2f9df928",
            "specs": null,
            "type": "match",
            "values": [
              "test1"
            ],
            "vlan_id": null
          },
          "sensitive_attributes": [],
          "dependencies": [
            "mist_org.terraform_test"
          ]
        }
      ]
    },
    {
      "mode": "managed",
      "type": "mist_org_wxtag",
      "name": "test_7",
      "provider": "provider[\"registry.terraform.io/juniper/mist\"]",
      "instances": [
        {
          "schema_version": 0,
          "attributes": {
            "id": "d957ca10-bd25-464e-89ee-b6f0edeb7c6a",
            "mac": null,
            "match": "ip_range_subnet",
            "name": "Subnet SRV",
            "op": "in",
            "org_id": "992bf4b9-c900-4850-9992-107b2f9df928",
            "specs": null,
            "type": "match",
            "values": [
              "10.3.20.0/24"
            ],
            "vlan_id": null
          },
          "sensitive_attributes": [],
          "dependencies": [
            "mist_org.terraform_test"
          ]
        }
      ]
    },
    {
      "mode": "managed",
      "type": "mist_org_wxtag",
      "name": "test_8",
      "provider": "provider[\"registry.terraform.io/juniper/mist\"]",
      "instances": [
        {
          "schema_version": 0,
          "attributes": {
            "id": "2d5a6a04-ee32-4e65-a786-f9544ea148b9",
            "mac": null,
            "match": null,
            "name": "IP traefik.stag.one:443",
            "op": "in",
            "org_id": "992bf4b9-c900-4850-9992-107b2f9df928",
            "specs": [
              {
                "port_range": "443-443",
                "protocol": "tcp",
                "subnets": [
                  "10.3.20.105"
                ]
              }
            ],
            "type": "spec",
            "values": null,
            "vlan_id": null
          },
          "sensitive_attributes": [],
          "dependencies": [
            "mist_org.terraform_test"
          ]
        }
      ]
    },
    {
      "mode": "managed",
      "type": "mist_org_wxtag",
      "name": "test_81",
      "provider": "provider[\"registry.terraform.io/juniper/mist\"]",
      "instances": [
        {
          "schema_version": 0,
          "attributes": {
            "id": "6977d894-ec81-4071-ac33-3669638a1611",
            "mac": null,
            "match": null,
            "name": "test_81",
            "op": "in",
            "org_id": "992bf4b9-c900-4850-9992-107b2f9df928",
            "specs": [
              {
                "port_range": "0",
                "protocol": "udp",
                "subnets": [
                  "0.0.0.0/0"
                ]
              }
            ],
            "type": "spec",
            "values": null,
            "vlan_id": null
          },
          "sensitive_attributes": [],
          "dependencies": [
            "mist_org.terraform_test"
          ]
        }
      ]
    },
    {
      "mode": "managed",
      "type": "mist_org_wxtag",
      "name": "test_9",
      "provider": "provider[\"registry.terraform.io/juniper/mist\"]",
      "instances": [
        {
          "schema_version": 0,
          "attributes": {
            "id": "0ca054e8-aa75-4494-9678-d1bd21cb84f7",
            "mac": null,
            "match": "ip_range_subnet",
            "name": "IP traefik.stag.one",
            "op": "in",
            "org_id": "992bf4b9-c900-4850-9992-107b2f9df928",
            "specs": null,
            "type": "match",
            "values": [
              "10.3.20.105"
            ],
            "vlan_id": null
          },
          "sensitive_attributes": [],
          "dependencies": [
            "mist_org.terraform_test"
          ]
        }
      ]
    },
    {
      "mode": "managed",
      "type": "mist_site",
      "name": "site_two",
      "provider": "provider[\"registry.terraform.io/juniper/mist\"]",
      "instances": [
        {
          "schema_version": 0,
          "attributes": {
            "address": "77 Terrasse de l'Université, 92000 Nanterre, France",
            "alarmtemplate_id": null,
            "aptemplate_id": null,
            "country_code": "FR",
            "gatewaytemplate_id": null,
            "id": "4e5e70d6-29fa-429a-9762-b1cb63e78b15",
            "latlng": {
              "lat": 48.899268,
              "lng": 2.214447
            },
            "name": "terraform_site_two",
            "networktemplate_id": null,
            "notes": "Created with Terraform, Updated with Terraform",
            "org_id": "992bf4b9-c900-4850-9992-107b2f9df928",
            "rftemplate_id": null,
            "secpolicy_id": null,
            "sitegroup_ids": null,
            "sitetemplate_id": null,
            "timezone": "Europe/Paris"
          },
          "sensitive_attributes": [],
          "dependencies": [
            "mist_org.terraform_test"
          ]
        }
      ]
    },
    {
      "mode": "managed",
      "type": "mist_site",
      "name": "terraform_site",
      "provider": "provider[\"registry.terraform.io/juniper/mist\"]",
      "instances": [
        {
          "schema_version": 0,
          "attributes": {
            "address": "77 Terrasse de l'Université, 92000 Nanterre, France",
            "alarmtemplate_id": null,
            "aptemplate_id": null,
            "country_code": "FR",
            "gatewaytemplate_id": null,
            "id": "eb44b2dd-88ff-4468-b6c9-3ab39cbaff62",
            "latlng": {
              "lat": 48.899268,
              "lng": 2.214447
            },
            "name": "terraform_site",
            "networktemplate_id": null,
            "notes": "Created with Terraform, Updated with Terraform",
            "org_id": "992bf4b9-c900-4850-9992-107b2f9df928",
            "rftemplate_id": null,
            "secpolicy_id": null,
            "sitegroup_ids": null,
            "sitetemplate_id": null,
            "timezone": "Europe/Paris"
          },
          "sensitive_attributes": [],
          "dependencies": [
            "mist_org.terraform_test"
          ]
        }
      ]
    },
    {
      "mode": "managed",
      "type": "mist_site",
      "name": "terraform_site2",
      "provider": "provider[\"registry.terraform.io/juniper/mist\"]",
      "instances": [
        {
          "schema_version": 0,
          "attributes": {
            "address": "78 Terrasse de l'Université, 92000 Nanterre, France",
            "alarmtemplate_id": null,
            "aptemplate_id": null,
            "country_code": "FR",
            "gatewaytemplate_id": null,
            "id": "93c56e5a-dc8a-4288-b75c-317e8074a047",
            "latlng": {
              "lat": 48.899268,
              "lng": 2.214447
            },
            "name": "terraform_site2",
            "networktemplate_id": null,
            "notes": "Created with Terraform, Updated with Terraform",
            "org_id": "992bf4b9-c900-4850-9992-107b2f9df928",
            "rftemplate_id": null,
            "secpolicy_id": null,
            "sitegroup_ids": [
              "d95de670-03bd-437a-aad2-fdc6f6dad779",
              "8d2346af-5827-4b2d-9e45-25e5f0e9d1fc"
            ],
            "sitetemplate_id": null,
            "timezone": "Europe/Paris"
          },
          "sensitive_attributes": [],
          "dependencies": [
            "mist_org.terraform_test",
            "mist_org_sitegroup.test_group",
            "mist_org_sitegroup.test_group2"
          ]
        }
      ]
    },
    {
      "mode": "managed",
      "type": "mist_site_networktemplate",
      "name": "site_switch_template",
      "provider": "provider[\"registry.terraform.io/juniper/mist\"]",
      "instances": [
        {
          "schema_version": 0,
          "attributes": {
            "acl_policies": null,
            "acl_tags": null,
            "additional_config_cmds": [
              "set system hostnam test",
              "set system services ssh root-login allow"
            ],
            "dhcp_snooping": null,
            "disabled_system_defined_port_usages": [
              "ap"
            ],
            "dns_servers": [
              "10.3.51.222"
            ],
            "dns_suffix": [
              "stag.one"
            ],
            "extra_routes": null,
            "extra_routes6": null,
            "mist_nac": null,
            "networks": {
              "test": {
                "gateway": null,
                "gateway6": null,
                "isolation": false,
                "isolation_vlan_id": null,
                "subnet": "1.2.3.0/24",
                "subnet6": null,
                "vlan_id": "10"
              },
              "test2": {
                "gateway": null,
                "gateway6": null,
                "isolation": false,
                "isolation_vlan_id": null,
                "subnet": "1.2.3.0/24",
                "subnet6": null,
                "vlan_id": "11"
              }
            },
            "ntp_servers": [
              "10.3.51.222"
            ],
            "ospf_areas": null,
            "port_mirroring": {
              "mcd-sw1-span": {
                "input_networks_ingress": [
                  "CORE"
                ],
                "input_port_ids_egress": [],
                "input_port_ids_ingress": [],
                "output_network": null,
                "output_port_id": "ge-0/0/42"
              },
              "test": {
                "input_networks_ingress": [],
                "input_port_ids_egress": [
                  "ge-0/0/3"
                ],
                "input_port_ids_ingress": [
                  "ge-0/0/3"
                ],
                "output_network": null,
                "output_port_id": "ge-0/0/10"
              },
              "test2": {
                "input_networks_ingress": [
                  "default"
                ],
                "input_port_ids_egress": [],
                "input_port_ids_ingress": [],
                "output_network": "prx",
                "output_port_id": null
              },
              "test3": {
                "input_networks_ingress": [
                  "default"
                ],
                "input_port_ids_egress": [],
                "input_port_ids_ingress": [],
                "output_network": null,
                "output_port_id": "ge-0/0/10"
              }
            },
            "port_usages": {
              "disabled_port": {
                "all_networks": false,
                "allow_dhcpd": null,
                "allow_multiple_supplicants": false,
                "bypass_auth_when_server_down": false,
                "bypass_auth_when_server_down_for_unkonwn_client": false,
                "description": null,
                "disable_autoneg": false,
                "disabled": true,
                "duplex": "auto",
                "dynamic_vlan_networks": [],
                "enable_mac_auth": false,
                "enable_qos": false,
                "guest_network": null,
                "inter_switch_link": false,
                "mac_auth_only": null,
                "mac_auth_preferred": null,
                "mac_auth_protocol": "eap-md5",
                "mac_limit": 0,
                "mode": "access",
                "mtu": null,
                "networks": [],
                "persist_mac": false,
                "poe_disabled": false,
                "port_auth": null,
                "port_network": "default",
                "reauth_interval": 3600,
                "reset_default_when": "link_down",
                "rules": null,
                "server_fail_network": null,
                "server_reject_network": null,
                "speed": "auto",
                "storm_control": null,
                "stp_edge": false,
                "stp_no_root_port": false,
                "stp_p2p": false,
                "ui_evpntopo_id": null,
                "use_vstp": false,
                "voip_network": null
              },
              "trunk": {
                "all_networks": true,
                "allow_dhcpd": null,
                "allow_multiple_supplicants": false,
                "bypass_auth_when_server_down": false,
                "bypass_auth_when_server_down_for_unkonwn_client": false,
                "description": "profile for trunk ports",
                "disable_autoneg": false,
                "disabled": false,
                "duplex": "auto",
                "dynamic_vlan_networks": [],
                "enable_mac_auth": false,
                "enable_qos": true,
                "guest_network": null,
                "inter_switch_link": false,
                "mac_auth_only": null,
                "mac_auth_preferred": null,
                "mac_auth_protocol": "eap-md5",
                "mac_limit": 0,
                "mode": "trunk",
                "mtu": null,
                "networks": [],
                "persist_mac": false,
                "poe_disabled": false,
                "port_auth": null,
                "port_network": "test2",
                "reauth_interval": 3600,
                "reset_default_when": "link_down",
                "rules": null,
                "server_fail_network": null,
                "server_reject_network": null,
                "speed": "auto",
                "storm_control": {
                  "no_broadcast": false,
                  "no_multicast": false,
                  "no_registered_multicast": false,
                  "no_unknown_unicast": false,
                  "percentage": 15
                },
                "stp_edge": false,
                "stp_no_root_port": false,
                "stp_p2p": false,
                "ui_evpntopo_id": null,
                "use_vstp": false,
                "voip_network": null
              }
            },
            "radius_config": {
              "acct_interim_interval": 60,
              "acct_servers": [
                {
                  "host": "1.2.3.4",
                  "keywrap_enabled": null,
                  "keywrap_format": null,
                  "keywrap_kek": null,
                  "keywrap_mack": null,
                  "port": 1813,
                  "secret": "secret"
                }
              ],
              "auth_servers": [
                {
                  "host": "1.2.3.4",
                  "keywrap_enabled": null,
                  "keywrap_format": null,
                  "keywrap_kek": null,
                  "keywrap_mack": null,
                  "port": 1812,
                  "require_message_authenticator": false,
                  "secret": "secret"
                }
              ],
              "auth_servers_retries": 3,
              "auth_servers_timeout": 5,
              "network": "test",
              "source_ip": null
            },
            "remote_syslog": {
              "archive": {
                "files": 2,
                "size": "5m"
              },
              "console": {
                "contents": [
                  {
                    "facility": "kernel",
                    "severity": "alert"
                  }
                ]
              },
              "enabled": true,
              "files": null,
              "network": "test",
              "send_to_all_servers": false,
              "servers": [
                {
                  "contents": [
                    {
                      "facility": "any",
                      "severity": "any"
                    }
                  ],
                  "explicit_priority": null,
                  "facility": "any",
                  "host": "1.2.3.4",
                  "match": null,
                  "port": 514,
                  "protocol": "udp",
                  "routing_instance": null,
                  "severity": "any",
                  "source_address": null,
                  "structured_data": null,
                  "tag": null
                }
              ],
              "time_format": null,
              "users": null
            },
            "remove_existing_configs": false,
            "site_id": "eb44b2dd-88ff-4468-b6c9-3ab39cbaff62",
            "snmp_config": null,
            "switch_matching": {
              "enable": true,
              "rules": [
                {
                  "additional_config_cmds": [
                    "set system name-server 8.8.8.8"
                  ],
                  "ip_config": null,
                  "match_model": "",
                  "match_name": "abc",
                  "match_name_offset": 0,
                  "match_role": "access",
                  "match_type": "match_name[0:3]",
                  "match_value": "abc",
                  "name": "access",
                  "oob_ip_config": null,
                  "port_config": {
                    "ge-0/0/0-10": {
                      "ae_disable_lacp": null,
                      "ae_idx": null,
                      "ae_lacp_slow": null,
                      "aggregated": false,
                      "critical": null,
                      "description": null,
                      "disable_autoneg": false,
                      "duplex": "auto",
                      "dynamic_usage": null,
                      "esilag": null,
                      "mtu": 1514,
                      "no_local_overwrite": null,
                      "poe_disabled": false,
                      "speed": "auto",
                      "usage": "trunk"
                    }
                  },
                  "port_mirroring": {
                    "test": {
                      "input_networks_ingress": [],
                      "input_port_ids_egress": [
                        "ge-0/0/3"
                      ],
                      "input_port_ids_ingress": [
                        "ge-0/0/3"
                      ],
                      "output_network": null,
                      "output_port_id": "ge-0/0/11"
                    },
                    "test2": {
                      "input_networks_ingress": [
                        "default"
                      ],
                      "input_port_ids_egress": [],
                      "input_port_ids_ingress": [],
                      "output_network": "prx",
                      "output_port_id": null
                    },
                    "test3": {
                      "input_networks_ingress": [
                        "default"
                      ],
                      "input_port_ids_egress": [],
                      "input_port_ids_ingress": [],
                      "output_network": null,
                      "output_port_id": "ge-0/0/10"
                    }
                  }
                },
                {
                  "additional_config_cmds": [
                    "set system name-server 8.8.8.8"
                  ],
                  "ip_config": null,
                  "match_model": "",
                  "match_name": "",
                  "match_name_offset": 0,
                  "match_role": "core",
                  "match_type": "",
                  "match_value": "",
                  "name": "core",
                  "oob_ip_config": null,
                  "port_config": {
                    "ge-0/0/0-10": {
                      "ae_disable_lacp": null,
                      "ae_idx": null,
                      "ae_lacp_slow": null,
                      "aggregated": false,
                      "critical": null,
                      "description": null,
                      "disable_autoneg": false,
                      "duplex": "auto",
                      "dynamic_usage": null,
                      "esilag": null,
                      "mtu": 1514,
                      "no_local_overwrite": null,
                      "poe_disabled": false,
                      "speed": "auto",
                      "usage": "trunk"
                    }
                  },
                  "port_mirroring": null
                }
              ]
            },
            "switch_mgmt": {
              "ap_affinity_threshold": 10,
              "cli_banner": null,
              "cli_idle_timeout": null,
              "config_revert_timer": 10,
              "dhcp_option_fqdn": false,
              "disable_oob_down_alarm": null,
              "local_accounts": null,
              "mxedge_proxy_host": null,
              "mxedge_proxy_port": 2222,
              "protect_re": {
                "allowed_services": [],
                "custom": [],
                "enabled": true,
                "trusted_hosts": []
              },
              "root_password": "Juniper123",
              "tacacs": null,
              "use_mxedge_proxy": null
            },
            "vrf_config": {
              "enabled": true
            },
            "vrf_instances": {
              "fds": {
                "extra_routes": {
                  "1.2.0.0/24": {
                    "via": "1.2.3.4"
                  }
                },
                "networks": [
                  "test"
                ]
              }
            }
          },
          "sensitive_attributes": [
            [
              {
                "type": "get_attr",
                "value": "switch_mgmt"
              },
              {
                "type": "get_attr",
                "value": "root_password"
              }
            ],
            [
              {
                "type": "get_attr",
                "value": "radius_config"
              },
              {
                "type": "get_attr",
                "value": "auth_servers"
              },
              {
                "type": "index",
                "value": {
                  "value": 0,
                  "type": "number"
                }
              },
              {
                "type": "get_attr",
                "value": "secret"
              }
            ],
            [
              {
                "type": "get_attr",
                "value": "radius_config"
              },
              {
                "type": "get_attr",
                "value": "acct_servers"
              },
              {
                "type": "index",
                "value": {
                  "value": 0,
                  "type": "number"
                }
              },
              {
                "type": "get_attr",
                "value": "secret"
              }
            ]
          ],
          "dependencies": [
            "mist_org.terraform_test",
            "mist_site.terraform_site"
          ]
        }
      ]
    },
    {
      "mode": "managed",
      "type": "mist_site_setting",
      "name": "site_two",
      "provider": "provider[\"registry.terraform.io/juniper/mist\"]",
      "instances": [
        {
          "schema_version": 0,
          "attributes": {
            "analytic": null,
            "ap_updown_threshold": 5,
            "auto_upgrade": null,
            "blacklist_url": "",
            "ble_config": null,
            "config_auto_revert": false,
            "config_push_policy": null,
            "critical_url_monitoring": null,
            "device_updown_threshold": 5,
            "engagement": null,
            "gateway_mgmt": {
              "admin_sshkeys": [],
              "app_probing": {
                "apps": null,
                "custom_apps": [
                  {
                    "address": null,
                    "app_type": null,
                    "hostnames": [
                      "example.com"
                    ],
                    "key": "example.com",
                    "name": "value",
                    "network": null,
                    "packet_size": null,
                    "protocol": "http",
                    "url": null,
                    "vrf": null
                  }
                ],
                "enabled": null
              },
              "app_usage": null,
              "auto_signature_update": null,
              "config_revert_timer": 10,
              "disable_console": false,
              "disable_oob": false,
              "probe_hosts": [],
              "protect_re": {
                "allowed_services": [
                  "icmp",
                  "ssh"
                ],
                "custom": [
                  {
                    "port_range": "0",
                    "protocol": "icmp",
                    "subnets": [
                      "1.2.3.4"
                    ]
                  }
                ],
                "enabled": true,
                "trusted_hosts": [
                  "1.2.3.4",
                  "10.0.10.1/24"
                ]
              },
              "root_password": "Aerohive1!",
              "security_log_source_address": null,
              "security_log_source_interface": null
            },
            "gateway_updown_threshold": 0,
            "led": null,
            "occupancy": null,
            "persist_config_on_device": false,
            "proxy": null,
            "remove_existing_configs": false,
            "report_gatt": false,
            "rogue": null,
            "rtsa": null,
            "simple_alert": null,
            "site_id": "4e5e70d6-29fa-429a-9762-b1cb63e78b15",
            "skyatp": null,
            "srx_app": null,
            "ssh_keys": null,
            "ssr": null,
            "switch_updown_threshold": 0,
            "synthetic_test": null,
            "track_anonymous_devices": false,
            "uplink_port_config": null,
            "vars": null,
            "vna": null,
            "vs_instance": null,
            "wan_vna": null,
            "watched_station_url": "",
            "whitelist_url": "",
            "wids": null,
            "wifi": null,
            "wired_vna": null,
            "zone_occupancy_alert": null
          },
          "sensitive_attributes": [
            [
              {
                "type": "get_attr",
                "value": "gateway_mgmt"
              },
              {
                "type": "get_attr",
                "value": "root_password"
              }
            ]
          ],
          "dependencies": [
            "mist_org.terraform_test",
            "mist_site.site_two"
          ]
        }
      ]
    },
    {
      "mode": "managed",
      "type": "mist_site_setting",
      "name": "terraform_site",
      "provider": "provider[\"registry.terraform.io/juniper/mist\"]",
      "instances": [
        {
          "schema_version": 0,
          "attributes": {
            "analytic": null,
            "ap_updown_threshold": 5,
            "auto_upgrade": {
              "custom_versions": {},
              "day_of_week": "tue",
              "enabled": true,
              "time_of_day": "02:00",
              "version": "beta"
            },
            "blacklist_url": "",
            "ble_config": null,
            "config_auto_revert": true,
            "config_push_policy": null,
            "critical_url_monitoring": null,
            "device_updown_threshold": 5,
            "engagement": null,
            "gateway_mgmt": {
              "admin_sshkeys": [],
              "app_probing": {
                "apps": null,
                "custom_apps": [
                  {
                    "address": "",
                    "app_type": null,
                    "hostnames": [
                      "1.2.3.5"
                    ],
                    "key": "1.2.3.5",
                    "name": "test1",
                    "network": null,
                    "packet_size": null,
                    "protocol": "icmp",
                    "url": null,
                    "vrf": null
                  },
                  {
                    "address": "",
                    "app_type": null,
                    "hostnames": [
                      "test.com"
                    ],
                    "key": "test.com",
                    "name": "test2",
                    "network": null,
                    "packet_size": null,
                    "protocol": "icmp",
                    "url": null,
                    "vrf": null
                  },
                  {
                    "address": null,
                    "app_type": null,
                    "hostnames": [
                      "http://example.com"
                    ],
                    "key": "http://example.com",
                    "name": "test3",
                    "network": null,
                    "packet_size": null,
                    "protocol": "http",
                    "url": null,
                    "vrf": null
                  },
                  {
                    "address": null,
                    "app_type": null,
                    "hostnames": [
                      "https://example.com"
                    ],
                    "key": "https://example.com",
                    "name": "test4",
                    "network": null,
                    "packet_size": null,
                    "protocol": "http",
                    "url": null,
                    "vrf": null
                  }
                ],
                "enabled": true
              },
              "app_usage": true,
              "auto_signature_update": {
                "day_of_week": null,
                "enable": true,
                "time_of_day": "02:00"
              },
              "config_revert_timer": 10,
              "disable_console": false,
              "disable_oob": false,
              "probe_hosts": [],
              "protect_re": {
                "allowed_services": [
                  "icmp",
                  "ssh"
                ],
                "custom": [
                  {
                    "port_range": "0",
                    "protocol": "icmp",
                    "subnets": [
                      "1.2.3.4"
                    ]
                  }
                ],
                "enabled": true,
                "trusted_hosts": [
                  "1.2.3.4",
                  "10.0.0.1/24"
                ]
              },
              "root_password": "Aerohive1!",
              "security_log_source_address": null,
              "security_log_source_interface": null
            },
            "gateway_updown_threshold": 0,
            "led": null,
            "occupancy": null,
            "persist_config_on_device": true,
            "proxy": {
              "url": "http://myproxy:3128"
            },
            "remove_existing_configs": false,
            "report_gatt": false,
            "rogue": {
              "enabled": true,
              "honeypot_enabled": true,
              "min_duration": 5,
              "min_rssi": -80,
              "whitelisted_bssids": [],
              "whitelisted_ssids": []
            },
            "rtsa": null,
            "simple_alert": null,
            "site_id": "eb44b2dd-88ff-4468-b6c9-3ab39cbaff62",
            "skyatp": null,
            "srx_app": null,
            "ssh_keys": null,
            "ssr": null,
            "switch_updown_threshold": 0,
            "synthetic_test": null,
            "track_anonymous_devices": false,
            "uplink_port_config": null,
            "vars": {},
            "vna": null,
            "vs_instance": null,
            "wan_vna": null,
            "watched_station_url": "",
            "whitelist_url": "",
            "wids": null,
            "wifi": null,
            "wired_vna": null,
            "zone_occupancy_alert": null
          },
          "sensitive_attributes": [
            [
              {
                "type": "get_attr",
                "value": "gateway_mgmt"
              },
              {
                "type": "get_attr",
                "value": "root_password"
              }
            ]
          ],
          "dependencies": [
            "mist_org.terraform_test",
            "mist_site.terraform_site"
          ]
        }
      ]
    },
    {
      "mode": "managed",
      "type": "mist_site_webhook",
      "name": "webhook_one",
      "provider": "provider[\"registry.terraform.io/juniper/mist\"]",
      "instances": [
        {
          "schema_version": 0,
          "attributes": {
            "enabled": false,
            "headers": null,
            "id": "64b4299e-c351-4cad-b5e7-0e029449a4ad",
            "name": "test",
            "oauth2_client_id": null,
            "oauth2_client_secret": null,
            "oauth2_grant_type": null,
            "oauth2_password": null,
            "oauth2_scopes": null,
            "oauth2_token_url": null,
            "oauth2_username": null,
            "org_id": "992bf4b9-c900-4850-9992-107b2f9df928",
            "secret": null,
            "site_id": "eb44b2dd-88ff-4468-b6c9-3ab39cbaff62",
            "splunk_token": null,
            "topics": [
              "audits"
            ],
            "type": "http-post",
            "url": "https://test.com",
            "verify_cert": true
          },
          "sensitive_attributes": [
            [
              {
                "type": "get_attr",
                "value": "oauth2_client_secret"
              }
            ],
            [
              {
                "type": "get_attr",
                "value": "oauth2_password"
              }
            ],
            [
              {
                "type": "get_attr",
                "value": "splunk_token"
              }
            ],
            [
              {
                "type": "get_attr",
                "value": "secret"
              }
            ]
          ],
          "dependencies": [
            "mist_org.terraform_test",
            "mist_site.terraform_site"
          ]
        }
      ]
    },
    {
      "mode": "managed",
      "type": "mist_site_wlan",
      "name": "test_open",
      "provider": "provider[\"registry.terraform.io/juniper/mist\"]",
      "instances": [
        {
          "schema_version": 0,
          "attributes": {
            "acct_immediate_update": false,
            "acct_interim_interval": 0,
            "acct_servers": [],
            "airwatch": {
              "api_key": "",
              "console_url": "",
              "enabled": false,
              "password": "",
              "username": ""
            },
            "allow_ipv6_ndp": true,
            "allow_mdns": false,
            "allow_ssdp": true,
            "ap_ids": null,
            "app_limit": {
              "apps": {},
              "enabled": false,
              "wxtag_ids": {}
            },
            "app_qos": {
              "apps": null,
              "enabled": false,
              "others": null
            },
            "apply_to": "site",
            "arp_filter": false,
            "auth": null,
            "auth_server_selection": "ordered",
            "auth_servers": [],
            "auth_servers_nas_id": "",
            "auth_servers_nas_ip": "",
            "auth_servers_retries": 2,
            "auth_servers_timeout": 5,
            "band_steer": false,
            "band_steer_force_band5": false,
            "bands": null,
            "block_blacklist_clients": false,
            "bonjour": {
              "additional_vlan_ids": [],
              "enabled": null,
              "services": null
            },
            "cisco_cwa": {
              "allowed_hostnames": [],
              "allowed_subnets": [],
              "blocked_subnets": [],
              "enabled": false
            },
            "client_limit_down": 1000,
            "client_limit_down_enabled": false,
            "client_limit_up": 512,
            "client_limit_up_enabled": false,
            "coa_servers": [],
            "disable_11ax": false,
            "disable_ht_vht_rates": false,
            "disable_uapsd": false,
            "disable_v1_roam_notify": false,
            "disable_v2_roam_notify": false,
            "disable_when_gateway_unreachable": null,
            "disable_when_mxtunnel_down": null,
            "disable_wmm": false,
            "dns_server_rewrite": {
              "enabled": false,
              "radius_groups": {}
            },
            "dtim": 2,
            "dynamic_psk": null,
            "dynamic_vlan": null,
            "enable_local_keycaching": false,
            "enable_wireless_bridging": false,
            "enable_wireless_bridging_dhcp_tracking": false,
            "enabled": true,
            "fast_dot1x_timers": false,
            "hide_ssid": false,
            "hostname_ie": false,
            "hotspot20": {
              "domain_name": [],
              "enabled": false,
              "nai_realms": [],
              "operators": [],
              "rcoi": [],
              "venue_name": null
            },
            "id": "018c02d4-9846-494e-a961-f394b4c759b2",
            "inject_dhcp_option_82": null,
            "interface": "all",
            "isolation": false,
            "l2_isolation": false,
            "legacy_overds": false,
            "limit_bcast": true,
            "limit_probe_response": false,
            "max_idletime": 1800,
            "max_num_clients": 0,
            "mist_nac": {
              "enabled": false
            },
            "msp_id": "",
            "mxtunnel_ids": null,
            "mxtunnel_name": null,
            "no_static_dns": false,
            "no_static_ip": false,
            "org_id": "992bf4b9-c900-4850-9992-107b2f9df928",
            "portal": {
              "allow_wlan_id_roam": null,
              "amazon_client_id": "",
              "amazon_client_secret": "",
              "amazon_email_domains": [],
              "amazon_enabled": false,
              "amazon_expire": null,
              "auth": "none",
              "azure_client_id": "",
              "azure_client_secret": "",
              "azure_enabled": false,
              "azure_expire": null,
              "azure_tenant_id": "",
              "broadnet_password": "",
              "broadnet_sid": null,
              "broadnet_user_id": null,
              "bypass_when_cloud_down": false,
              "clickatell_api_key": null,
              "cross_site": null,
              "email_enabled": false,
              "enabled": false,
              "expire": 1440,
              "external_portal_url": "",
              "facebook_client_id": "",
              "facebook_client_secret": "",
              "facebook_email_domains": [],
              "facebook_enabled": false,
              "facebook_expire": null,
              "forward": false,
              "forward_url": "",
              "google_client_id": "",
              "google_client_secret": "",
              "google_email_domains": [],
              "google_enabled": false,
              "google_expire": null,
              "gupshup_password": null,
              "gupshup_userid": null,
              "microsoft_client_id": "",
              "microsoft_client_secret": "",
              "microsoft_email_domains": [],
              "microsoft_enabled": false,
              "microsoft_expire": null,
              "passphrase_enabled": false,
              "passphrase_expire": null,
              "password": "",
              "predefined_sponsors_enabled": true,
              "predefined_sponsors_hide_email": false,
              "privacy": false,
              "puzzel_password": null,
              "puzzel_service_id": null,
              "puzzel_username": null,
              "sms_enabled": false,
              "sms_expire": null,
              "sms_message_format": "Code {{code}} expires in {{duration}} minutes.",
              "sms_provider": "manual",
              "sponsor_auto_approve": null,
              "sponsor_email_domains": [],
              "sponsor_enabled": false,
              "sponsor_expire": null,
              "sponsor_link_validity_duration": "60",
              "sponsor_notify_all": false,
              "sponsor_status_notify": false,
              "sponsors": {},
              "sso_default_role": "",
              "sso_forced_role": "",
              "sso_idp_cert": "",
              "sso_idp_sign_algo": "sha1",
              "sso_idp_sso_url": "",
              "sso_issuer": "",
              "sso_nameid_format": "email",
              "telstra_client_id": null,
              "telstra_client_secret": null,
              "twilio_auth_token": null,
              "twilio_phone_number": null,
              "twilio_sid": null
            },
            "portal_allowed_hostnames": [],
            "portal_allowed_subnets": [],
            "portal_api_secret": "",
            "portal_denied_hostnames": [],
            "portal_image": "not_present",
            "portal_sso_url": "",
            "qos": {
              "class": "best_effort",
              "overwrite": false
            },
            "radsec": {
              "coa_enabled": null,
              "enabled": false,
              "idle_timeout": null,
              "mxcluster_ids": [],
              "proxy_hosts": [],
              "server_name": "",
              "servers": [],
              "use_mxedge": null,
              "use_site_mxedge": null
            },
            "rateset": {
              "24": {
                "ht": null,
                "legacy": [],
                "min_rssi": 0,
                "template": "compatible",
                "vht": null
              },
              "5": {
                "ht": null,
                "legacy": [],
                "min_rssi": 0,
                "template": "compatible",
                "vht": null
              },
              "6": {
                "ht": null,
                "legacy": [],
                "min_rssi": 0,
                "template": "compatible",
                "vht": null
              }
            },
            "reconnect_clients_when_roaming_mxcluster": null,
            "roam_mode": "NONE",
            "schedule": {
              "enabled": false,
              "hours": {
                "fri": null,
                "mon": null,
                "sat": null,
                "sun": null,
                "thu": null,
                "tue": null,
                "wed": null
              }
            },
            "site_id": "eb44b2dd-88ff-4468-b6c9-3ab39cbaff62",
            "sle_excluded": false,
            "ssid": "demo",
            "use_eapol_v1": false,
            "vlan_enabled": false,
            "vlan_id": null,
            "vlan_ids": [],
            "vlan_pooling": false,
            "wlan_limit_down": 20000,
            "wlan_limit_down_enabled": false,
            "wlan_limit_up": 10000,
            "wlan_limit_up_enabled": false,
            "wxtag_ids": [],
            "wxtunnel_id": "",
            "wxtunnel_remote_id": ""
          },
          "sensitive_attributes": [
            [
              {
                "type": "get_attr",
                "value": "portal"
              },
              {
                "type": "get_attr",
                "value": "puzzel_password"
              }
            ],
            [
              {
                "type": "get_attr",
                "value": "portal"
              },
              {
                "type": "get_attr",
                "value": "broadnet_password"
              }
            ],
            [
              {
                "type": "get_attr",
                "value": "portal"
              },
              {
                "type": "get_attr",
                "value": "gupshup_password"
              }
            ],
            [
              {
                "type": "get_attr",
                "value": "portal"
              },
              {
                "type": "get_attr",
                "value": "password"
              }
            ],
            [
              {
                "type": "get_attr",
                "value": "airwatch"
              },
              {
                "type": "get_attr",
                "value": "password"
              }
            ]
          ],
          "dependencies": [
            "mist_org.terraform_test",
            "mist_site.terraform_site"
          ]
        }
      ]
    },
    {
      "mode": "managed",
      "type": "mist_site_wlan",
      "name": "wlan_four",
      "provider": "provider[\"registry.terraform.io/juniper/mist\"]",
      "instances": [
        {
          "schema_version": 0,
          "attributes": {
            "acct_immediate_update": false,
            "acct_interim_interval": 0,
            "acct_servers": [],
            "airwatch": {
              "api_key": "",
              "console_url": "",
              "enabled": false,
              "password": "",
              "username": ""
            },
            "allow_ipv6_ndp": true,
            "allow_mdns": false,
            "allow_ssdp": false,
            "ap_ids": null,
            "app_limit": {
              "apps": {},
              "enabled": false,
              "wxtag_ids": {}
            },
            "app_qos": {
              "apps": null,
              "enabled": false,
              "others": null
            },
            "apply_to": "site",
            "arp_filter": false,
            "auth": {
              "anticlog_threshold": null,
              "eap_reauth": false,
              "enable_mac_auth": false,
              "key_idx": 1,
              "keys": [
                "",
                "",
                "",
                ""
              ],
              "multi_psk_only": true,
              "owe": null,
              "pairwise": [],
              "private_wlan": false,
              "psk": "",
              "type": "psk",
              "wep_as_secondary_auth": null
            },
            "auth_server_selection": "ordered",
            "auth_servers": [],
            "auth_servers_nas_id": "",
            "auth_servers_nas_ip": "",
            "auth_servers_retries": 2,
            "auth_servers_timeout": 5,
            "band_steer": false,
            "band_steer_force_band5": false,
            "bands": [
              "24",
              "5"
            ],
            "block_blacklist_clients": true,
            "bonjour": {
              "additional_vlan_ids": [],
              "enabled": null,
              "services": null
            },
            "cisco_cwa": {
              "allowed_hostnames": [],
              "allowed_subnets": [],
              "blocked_subnets": [],
              "enabled": false
            },
            "client_limit_down": 1000,
            "client_limit_down_enabled": false,
            "client_limit_up": 512,
            "client_limit_up_enabled": false,
            "coa_servers": [],
            "disable_11ax": false,
            "disable_ht_vht_rates": false,
            "disable_uapsd": false,
            "disable_v1_roam_notify": false,
            "disable_v2_roam_notify": false,
            "disable_when_gateway_unreachable": null,
            "disable_when_mxtunnel_down": null,
            "disable_wmm": false,
            "dns_server_rewrite": {
              "enabled": false,
              "radius_groups": {}
            },
            "dtim": 2,
            "dynamic_psk": null,
            "dynamic_vlan": null,
            "enable_local_keycaching": false,
            "enable_wireless_bridging": false,
            "enable_wireless_bridging_dhcp_tracking": false,
            "enabled": true,
            "fast_dot1x_timers": false,
            "hide_ssid": false,
            "hostname_ie": false,
            "hotspot20": {
              "domain_name": [],
              "enabled": false,
              "nai_realms": [],
              "operators": [],
              "rcoi": [],
              "venue_name": null
            },
            "id": "c699a549-62bc-4d44-9613-d9a849e1b2b4",
            "inject_dhcp_option_82": null,
            "interface": "all",
            "isolation": true,
            "l2_isolation": true,
            "legacy_overds": false,
            "limit_bcast": true,
            "limit_probe_response": false,
            "max_idletime": 1800,
            "max_num_clients": 0,
            "mist_nac": {
              "enabled": true
            },
            "msp_id": "",
            "mxtunnel_ids": null,
            "mxtunnel_name": null,
            "no_static_dns": false,
            "no_static_ip": false,
            "org_id": "992bf4b9-c900-4850-9992-107b2f9df928",
            "portal": {
              "allow_wlan_id_roam": null,
              "amazon_client_id": "",
              "amazon_client_secret": "",
              "amazon_email_domains": [],
              "amazon_enabled": false,
              "amazon_expire": null,
              "auth": "none",
              "azure_client_id": "",
              "azure_client_secret": "",
              "azure_enabled": false,
              "azure_expire": null,
              "azure_tenant_id": "",
              "broadnet_password": null,
              "broadnet_sid": null,
              "broadnet_user_id": null,
              "bypass_when_cloud_down": true,
              "clickatell_api_key": null,
              "cross_site": null,
              "email_enabled": false,
              "enabled": false,
              "expire": 1440,
              "external_portal_url": "",
              "facebook_client_id": "",
              "facebook_client_secret": "",
              "facebook_email_domains": [],
              "facebook_enabled": false,
              "facebook_expire": null,
              "forward": false,
              "forward_url": "",
              "google_client_id": "",
              "google_client_secret": "",
              "google_email_domains": [],
              "google_enabled": false,
              "google_expire": null,
              "gupshup_password": null,
              "gupshup_userid": null,
              "microsoft_client_id": "",
              "microsoft_client_secret": "",
              "microsoft_email_domains": [],
              "microsoft_enabled": false,
              "microsoft_expire": null,
              "passphrase_enabled": false,
              "passphrase_expire": null,
              "password": "",
              "predefined_sponsors_enabled": false,
              "predefined_sponsors_hide_email": false,
              "privacy": false,
              "puzzel_password": null,
              "puzzel_service_id": null,
              "puzzel_username": null,
              "sms_enabled": false,
              "sms_expire": null,
              "sms_message_format": "Code {{code}} expires in {{duration}} minutes.",
              "sms_provider": "manual",
              "sponsor_auto_approve": null,
              "sponsor_email_domains": [],
              "sponsor_enabled": false,
              "sponsor_expire": null,
              "sponsor_link_validity_duration": "60",
              "sponsor_notify_all": true,
              "sponsor_status_notify": false,
              "sponsors": {},
              "sso_default_role": "",
              "sso_forced_role": "",
              "sso_idp_cert": "",
              "sso_idp_sign_algo": "sha1",
              "sso_idp_sso_url": "",
              "sso_issuer": "",
              "sso_nameid_format": "email",
              "telstra_client_id": null,
              "telstra_client_secret": null,
              "twilio_auth_token": null,
              "twilio_phone_number": null,
              "twilio_sid": null
            },
            "portal_allowed_hostnames": [],
            "portal_allowed_subnets": [],
            "portal_api_secret": "",
            "portal_denied_hostnames": [],
            "portal_image": "not_present",
            "portal_sso_url": "",
            "qos": {
              "class": "best_effort",
              "overwrite": false
            },
            "radsec": {
              "coa_enabled": null,
              "enabled": false,
              "idle_timeout": null,
              "mxcluster_ids": [],
              "proxy_hosts": [],
              "server_name": "",
              "servers": [],
              "use_mxedge": null,
              "use_site_mxedge": null
            },
            "rateset": {
              "24": {
                "ht": null,
                "legacy": [],
                "min_rssi": 0,
                "template": "compatible",
                "vht": null
              },
              "5": {
                "ht": null,
                "legacy": [],
                "min_rssi": 0,
                "template": "compatible",
                "vht": null
              },
              "6": {
                "ht": null,
                "legacy": [],
                "min_rssi": 0,
                "template": "compatible",
                "vht": null
              }
            },
            "reconnect_clients_when_roaming_mxcluster": null,
            "roam_mode": "NONE",
            "schedule": {
              "enabled": false,
              "hours": {
                "fri": null,
                "mon": null,
                "sat": null,
                "sun": null,
                "thu": null,
                "tue": null,
                "wed": null
              }
            },
            "site_id": "eb44b2dd-88ff-4468-b6c9-3ab39cbaff62",
            "sle_excluded": false,
            "ssid": "McD-IoT",
            "use_eapol_v1": false,
            "vlan_enabled": true,
            "vlan_id": "494",
            "vlan_ids": [],
            "vlan_pooling": false,
            "wlan_limit_down": 20000,
            "wlan_limit_down_enabled": false,
            "wlan_limit_up": 10000,
            "wlan_limit_up_enabled": false,
            "wxtag_ids": [],
            "wxtunnel_id": "",
            "wxtunnel_remote_id": ""
          },
          "sensitive_attributes": [
            [
              {
                "type": "get_attr",
                "value": "airwatch"
              },
              {
                "type": "get_attr",
                "value": "password"
              }
            ],
            [
              {
                "type": "get_attr",
                "value": "auth"
              },
              {
                "type": "get_attr",
                "value": "psk"
              }
            ],
            [
              {
                "type": "get_attr",
                "value": "portal"
              },
              {
                "type": "get_attr",
                "value": "password"
              }
            ],
            [
              {
                "type": "get_attr",
                "value": "portal"
              },
              {
                "type": "get_attr",
                "value": "broadnet_password"
              }
            ],
            [
              {
                "type": "get_attr",
                "value": "portal"
              },
              {
                "type": "get_attr",
                "value": "gupshup_password"
              }
            ],
            [
              {
                "type": "get_attr",
                "value": "portal"
              },
              {
                "type": "get_attr",
                "value": "puzzel_password"
              }
            ]
          ],
          "dependencies": [
            "mist_org.terraform_test",
            "mist_site.terraform_site"
          ]
        }
      ]
    },
    {
      "mode": "managed",
      "type": "mist_site_wlan",
      "name": "wlan_one",
      "provider": "provider[\"registry.terraform.io/juniper/mist\"]",
      "instances": [
        {
          "schema_version": 0,
          "attributes": {
            "acct_immediate_update": false,
            "acct_interim_interval": 0,
            "acct_servers": [],
            "airwatch": {
              "api_key": "",
              "console_url": "",
              "enabled": false,
              "password": "",
              "username": ""
            },
            "allow_ipv6_ndp": true,
            "allow_mdns": false,
            "allow_ssdp": false,
            "ap_ids": null,
            "app_limit": {
              "apps": {},
              "enabled": false,
              "wxtag_ids": {}
            },
            "app_qos": {
              "apps": null,
              "enabled": false,
              "others": null
            },
            "apply_to": "site",
            "arp_filter": false,
            "auth": {
              "anticlog_threshold": null,
              "eap_reauth": false,
              "enable_mac_auth": false,
              "key_idx": 1,
              "keys": [
                "",
                "",
                "",
                ""
              ],
              "multi_psk_only": false,
              "owe": null,
              "pairwise": [],
              "private_wlan": false,
              "psk": "",
              "type": "open",
              "wep_as_secondary_auth": null
            },
            "auth_server_selection": "ordered",
            "auth_servers": [],
            "auth_servers_nas_id": "",
            "auth_servers_nas_ip": "",
            "auth_servers_retries": 2,
            "auth_servers_timeout": 5,
            "band_steer": false,
            "band_steer_force_band5": false,
            "bands": [
              "24",
              "5"
            ],
            "block_blacklist_clients": false,
            "bonjour": {
              "additional_vlan_ids": [],
              "enabled": null,
              "services": null
            },
            "cisco_cwa": {
              "allowed_hostnames": [],
              "allowed_subnets": [],
              "blocked_subnets": [],
              "enabled": false
            },
            "client_limit_down": 5000,
            "client_limit_down_enabled": true,
            "client_limit_up": 5000,
            "client_limit_up_enabled": true,
            "coa_servers": [],
            "disable_11ax": false,
            "disable_ht_vht_rates": false,
            "disable_uapsd": false,
            "disable_v1_roam_notify": false,
            "disable_v2_roam_notify": false,
            "disable_when_gateway_unreachable": null,
            "disable_when_mxtunnel_down": null,
            "disable_wmm": false,
            "dns_server_rewrite": {
              "enabled": false,
              "radius_groups": {}
            },
            "dtim": 2,
            "dynamic_psk": null,
            "dynamic_vlan": null,
            "enable_local_keycaching": false,
            "enable_wireless_bridging": false,
            "enable_wireless_bridging_dhcp_tracking": false,
            "enabled": true,
            "fast_dot1x_timers": false,
            "hide_ssid": false,
            "hostname_ie": false,
            "hotspot20": {
              "domain_name": [],
              "enabled": false,
              "nai_realms": [],
              "operators": [],
              "rcoi": [],
              "venue_name": null
            },
            "id": "b6c91f68-c0f1-4e07-a05e-ce6744c07c1b",
            "inject_dhcp_option_82": null,
            "interface": "all",
            "isolation": true,
            "l2_isolation": true,
            "legacy_overds": false,
            "limit_bcast": false,
            "limit_probe_response": false,
            "max_idletime": 1800,
            "max_num_clients": 0,
            "mist_nac": {
              "enabled": false
            },
            "msp_id": "",
            "mxtunnel_ids": null,
            "mxtunnel_name": null,
            "no_static_dns": false,
            "no_static_ip": false,
            "org_id": "992bf4b9-c900-4850-9992-107b2f9df928",
            "portal": {
              "allow_wlan_id_roam": null,
              "amazon_client_id": "",
              "amazon_client_secret": "",
              "amazon_email_domains": [],
              "amazon_enabled": false,
              "amazon_expire": null,
              "auth": "none",
              "azure_client_id": "",
              "azure_client_secret": "",
              "azure_enabled": false,
              "azure_expire": null,
              "azure_tenant_id": "",
              "broadnet_password": "",
              "broadnet_sid": null,
              "broadnet_user_id": null,
              "bypass_when_cloud_down": false,
              "clickatell_api_key": null,
              "cross_site": null,
              "email_enabled": false,
              "enabled": false,
              "expire": 1440,
              "external_portal_url": "",
              "facebook_client_id": "",
              "facebook_client_secret": "",
              "facebook_email_domains": [],
              "facebook_enabled": false,
              "facebook_expire": null,
              "forward": true,
              "forward_url": "https://www.mcdonalds.com/us/en-us/wifi.html",
              "google_client_id": "",
              "google_client_secret": "",
              "google_email_domains": [],
              "google_enabled": false,
              "google_expire": null,
              "gupshup_password": null,
              "gupshup_userid": null,
              "microsoft_client_id": "",
              "microsoft_client_secret": "",
              "microsoft_email_domains": [],
              "microsoft_enabled": false,
              "microsoft_expire": null,
              "passphrase_enabled": false,
              "passphrase_expire": null,
              "password": "",
              "predefined_sponsors_enabled": true,
              "predefined_sponsors_hide_email": false,
              "privacy": false,
              "puzzel_password": null,
              "puzzel_service_id": null,
              "puzzel_username": null,
              "sms_enabled": false,
              "sms_expire": null,
              "sms_message_format": "Code {{code}} expires in {{duration}} minutes.",
              "sms_provider": "manual",
              "sponsor_auto_approve": null,
              "sponsor_email_domains": [],
              "sponsor_enabled": false,
              "sponsor_expire": null,
              "sponsor_link_validity_duration": "60",
              "sponsor_notify_all": false,
              "sponsor_status_notify": false,
              "sponsors": {},
              "sso_default_role": "",
              "sso_forced_role": "",
              "sso_idp_cert": "",
              "sso_idp_sign_algo": "sha1",
              "sso_idp_sso_url": "",
              "sso_issuer": "",
              "sso_nameid_format": "email",
              "telstra_client_id": null,
              "telstra_client_secret": null,
              "twilio_auth_token": null,
              "twilio_phone_number": null,
              "twilio_sid": null
            },
            "portal_allowed_hostnames": [],
            "portal_allowed_subnets": [],
            "portal_api_secret": "",
            "portal_denied_hostnames": [],
            "portal_image": "not_present",
            "portal_sso_url": "",
            "qos": {
              "class": "best_effort",
              "overwrite": false
            },
            "radsec": {
              "coa_enabled": null,
              "enabled": false,
              "idle_timeout": null,
              "mxcluster_ids": [],
              "proxy_hosts": [],
              "server_name": "",
              "servers": [],
              "use_mxedge": null,
              "use_site_mxedge": null
            },
            "rateset": {
              "24": {
                "ht": null,
                "legacy": [],
                "min_rssi": 0,
                "template": "compatible",
                "vht": null
              },
              "5": {
                "ht": null,
                "legacy": [],
                "min_rssi": 0,
                "template": "compatible",
                "vht": null
              },
              "6": {
                "ht": null,
                "legacy": [],
                "min_rssi": 0,
                "template": "compatible",
                "vht": null
              }
            },
            "reconnect_clients_when_roaming_mxcluster": null,
            "roam_mode": "NONE",
            "schedule": {
              "enabled": false,
              "hours": {
                "fri": null,
                "mon": null,
                "sat": null,
                "sun": null,
                "thu": null,
                "tue": null,
                "wed": null
              }
            },
            "site_id": "eb44b2dd-88ff-4468-b6c9-3ab39cbaff62",
            "sle_excluded": false,
            "ssid": "McDonalds Free WiFi",
            "use_eapol_v1": false,
            "vlan_enabled": true,
            "vlan_id": "450",
            "vlan_ids": [],
            "vlan_pooling": false,
            "wlan_limit_down": 100000,
            "wlan_limit_down_enabled": true,
            "wlan_limit_up": 100000,
            "wlan_limit_up_enabled": true,
            "wxtag_ids": [],
            "wxtunnel_id": "",
            "wxtunnel_remote_id": ""
          },
          "sensitive_attributes": [
            [
              {
                "type": "get_attr",
                "value": "auth"
              },
              {
                "type": "get_attr",
                "value": "psk"
              }
            ],
            [
              {
                "type": "get_attr",
                "value": "portal"
              },
              {
                "type": "get_attr",
                "value": "broadnet_password"
              }
            ],
            [
              {
                "type": "get_attr",
                "value": "portal"
              },
              {
                "type": "get_attr",
                "value": "gupshup_password"
              }
            ],
            [
              {
                "type": "get_attr",
                "value": "portal"
              },
              {
                "type": "get_attr",
                "value": "password"
              }
            ],
            [
              {
                "type": "get_attr",
                "value": "portal"
              },
              {
                "type": "get_attr",
                "value": "puzzel_password"
              }
            ],
            [
              {
                "type": "get_attr",
                "value": "airwatch"
              },
              {
                "type": "get_attr",
                "value": "password"
              }
            ]
          ],
          "dependencies": [
            "mist_org.terraform_test",
            "mist_site.terraform_site"
          ]
        }
      ]
    },
    {
      "mode": "managed",
      "type": "mist_site_wlan",
      "name": "wlan_three",
      "provider": "provider[\"registry.terraform.io/juniper/mist\"]",
      "instances": [
        {
          "schema_version": 0,
          "attributes": {
            "acct_immediate_update": false,
            "acct_interim_interval": 0,
            "acct_servers": [],
            "airwatch": {
              "api_key": "",
              "console_url": "",
              "enabled": false,
              "password": "",
              "username": ""
            },
            "allow_ipv6_ndp": true,
            "allow_mdns": false,
            "allow_ssdp": false,
            "ap_ids": null,
            "app_limit": {
              "apps": {},
              "enabled": false,
              "wxtag_ids": {}
            },
            "app_qos": {
              "apps": null,
              "enabled": false,
              "others": null
            },
            "apply_to": "site",
            "arp_filter": false,
            "auth": {
              "anticlog_threshold": null,
              "eap_reauth": false,
              "enable_mac_auth": false,
              "key_idx": 1,
              "keys": [
                "",
                "",
                "",
                ""
              ],
              "multi_psk_only": false,
              "owe": null,
              "pairwise": [],
              "private_wlan": false,
              "psk": "",
              "type": "eap",
              "wep_as_secondary_auth": null
            },
            "auth_server_selection": "ordered",
            "auth_servers": [],
            "auth_servers_nas_id": "",
            "auth_servers_nas_ip": "",
            "auth_servers_retries": 2,
            "auth_servers_timeout": 5,
            "band_steer": false,
            "band_steer_force_band5": false,
            "bands": [
              "24",
              "5"
            ],
            "block_blacklist_clients": true,
            "bonjour": {
              "additional_vlan_ids": [],
              "enabled": null,
              "services": null
            },
            "cisco_cwa": {
              "allowed_hostnames": [],
              "allowed_subnets": [],
              "blocked_subnets": [],
              "enabled": false
            },
            "client_limit_down": 1000,
            "client_limit_down_enabled": false,
            "client_limit_up": 512,
            "client_limit_up_enabled": false,
            "coa_servers": [],
            "disable_11ax": false,
            "disable_ht_vht_rates": false,
            "disable_uapsd": false,
            "disable_v1_roam_notify": false,
            "disable_v2_roam_notify": false,
            "disable_when_gateway_unreachable": null,
            "disable_when_mxtunnel_down": null,
            "disable_wmm": false,
            "dns_server_rewrite": {
              "enabled": false,
              "radius_groups": {}
            },
            "dtim": 2,
            "dynamic_psk": null,
            "dynamic_vlan": null,
            "enable_local_keycaching": false,
            "enable_wireless_bridging": false,
            "enable_wireless_bridging_dhcp_tracking": false,
            "enabled": true,
            "fast_dot1x_timers": false,
            "hide_ssid": true,
            "hostname_ie": false,
            "hotspot20": {
              "domain_name": [],
              "enabled": false,
              "nai_realms": [],
              "operators": [],
              "rcoi": [],
              "venue_name": null
            },
            "id": "18d116bd-d1e2-479a-86a5-5cb41afcb151",
            "inject_dhcp_option_82": null,
            "interface": "all",
            "isolation": false,
            "l2_isolation": false,
            "legacy_overds": false,
            "limit_bcast": true,
            "limit_probe_response": false,
            "max_idletime": 1800,
            "max_num_clients": 0,
            "mist_nac": {
              "enabled": true
            },
            "msp_id": "",
            "mxtunnel_ids": null,
            "mxtunnel_name": null,
            "no_static_dns": false,
            "no_static_ip": false,
            "org_id": "992bf4b9-c900-4850-9992-107b2f9df928",
            "portal": {
              "allow_wlan_id_roam": null,
              "amazon_client_id": "",
              "amazon_client_secret": "",
              "amazon_email_domains": [],
              "amazon_enabled": false,
              "amazon_expire": null,
              "auth": "none",
              "azure_client_id": "",
              "azure_client_secret": "",
              "azure_enabled": false,
              "azure_expire": null,
              "azure_tenant_id": "",
              "broadnet_password": null,
              "broadnet_sid": null,
              "broadnet_user_id": null,
              "bypass_when_cloud_down": true,
              "clickatell_api_key": null,
              "cross_site": null,
              "email_enabled": false,
              "enabled": false,
              "expire": 1440,
              "external_portal_url": "",
              "facebook_client_id": "",
              "facebook_client_secret": "",
              "facebook_email_domains": [],
              "facebook_enabled": false,
              "facebook_expire": null,
              "forward": false,
              "forward_url": "",
              "google_client_id": "",
              "google_client_secret": "",
              "google_email_domains": [],
              "google_enabled": false,
              "google_expire": null,
              "gupshup_password": null,
              "gupshup_userid": null,
              "microsoft_client_id": "",
              "microsoft_client_secret": "",
              "microsoft_email_domains": [],
              "microsoft_enabled": false,
              "microsoft_expire": null,
              "passphrase_enabled": false,
              "passphrase_expire": null,
              "password": "",
              "predefined_sponsors_enabled": false,
              "predefined_sponsors_hide_email": false,
              "privacy": false,
              "puzzel_password": null,
              "puzzel_service_id": null,
              "puzzel_username": null,
              "sms_enabled": false,
              "sms_expire": null,
              "sms_message_format": "Code {{code}} expires in {{duration}} minutes.",
              "sms_provider": "manual",
              "sponsor_auto_approve": null,
              "sponsor_email_domains": [],
              "sponsor_enabled": false,
              "sponsor_expire": null,
              "sponsor_link_validity_duration": "60",
              "sponsor_notify_all": true,
              "sponsor_status_notify": false,
              "sponsors": {},
              "sso_default_role": "",
              "sso_forced_role": "",
              "sso_idp_cert": "",
              "sso_idp_sign_algo": "sha1",
              "sso_idp_sso_url": "",
              "sso_issuer": "",
              "sso_nameid_format": "email",
              "telstra_client_id": null,
              "telstra_client_secret": null,
              "twilio_auth_token": null,
              "twilio_phone_number": null,
              "twilio_sid": null
            },
            "portal_allowed_hostnames": [],
            "portal_allowed_subnets": [],
            "portal_api_secret": "",
            "portal_denied_hostnames": [],
            "portal_image": "not_present",
            "portal_sso_url": "",
            "qos": {
              "class": "best_effort",
              "overwrite": false
            },
            "radsec": {
              "coa_enabled": null,
              "enabled": false,
              "idle_timeout": null,
              "mxcluster_ids": [],
              "proxy_hosts": [],
              "server_name": "",
              "servers": [],
              "use_mxedge": null,
              "use_site_mxedge": null
            },
            "rateset": {
              "24": {
                "ht": null,
                "legacy": [],
                "min_rssi": 0,
                "template": "compatible",
                "vht": null
              },
              "5": {
                "ht": null,
                "legacy": [],
                "min_rssi": 0,
                "template": "compatible",
                "vht": null
              },
              "6": {
                "ht": null,
                "legacy": [],
                "min_rssi": 0,
                "template": "compatible",
                "vht": null
              }
            },
            "reconnect_clients_when_roaming_mxcluster": null,
            "roam_mode": "NONE",
            "schedule": {
              "enabled": false,
              "hours": {
                "fri": null,
                "mon": null,
                "sat": null,
                "sun": null,
                "thu": null,
                "tue": null,
                "wed": null
              }
            },
            "site_id": "eb44b2dd-88ff-4468-b6c9-3ab39cbaff62",
            "sle_excluded": false,
            "ssid": "McD-HHOT",
            "use_eapol_v1": false,
            "vlan_enabled": true,
            "vlan_id": "420",
            "vlan_ids": [],
            "vlan_pooling": false,
            "wlan_limit_down": 20000,
            "wlan_limit_down_enabled": false,
            "wlan_limit_up": 10000,
            "wlan_limit_up_enabled": false,
            "wxtag_ids": [],
            "wxtunnel_id": "",
            "wxtunnel_remote_id": ""
          },
          "sensitive_attributes": [
            [
              {
                "type": "get_attr",
                "value": "auth"
              },
              {
                "type": "get_attr",
                "value": "psk"
              }
            ],
            [
              {
                "type": "get_attr",
                "value": "portal"
              },
              {
                "type": "get_attr",
                "value": "gupshup_password"
              }
            ],
            [
              {
                "type": "get_attr",
                "value": "portal"
              },
              {
                "type": "get_attr",
                "value": "puzzel_password"
              }
            ],
            [
              {
                "type": "get_attr",
                "value": "portal"
              },
              {
                "type": "get_attr",
                "value": "password"
              }
            ],
            [
              {
                "type": "get_attr",
                "value": "portal"
              },
              {
                "type": "get_attr",
                "value": "broadnet_password"
              }
            ],
            [
              {
                "type": "get_attr",
                "value": "airwatch"
              },
              {
                "type": "get_attr",
                "value": "password"
              }
            ]
          ],
          "dependencies": [
            "mist_org.terraform_test",
            "mist_site.terraform_site"
          ]
        }
      ]
    },
    {
      "mode": "managed",
      "type": "mist_site_wlan",
      "name": "wlan_two",
      "provider": "provider[\"registry.terraform.io/juniper/mist\"]",
      "instances": [
        {
          "schema_version": 0,
          "attributes": {
            "acct_immediate_update": false,
            "acct_interim_interval": 0,
            "acct_servers": [],
            "airwatch": {
              "api_key": "",
              "console_url": "",
              "enabled": false,
              "password": "",
              "username": ""
            },
            "allow_ipv6_ndp": true,
            "allow_mdns": false,
            "allow_ssdp": false,
            "ap_ids": null,
            "app_limit": {
              "apps": {},
              "enabled": false,
              "wxtag_ids": {}
            },
            "app_qos": {
              "apps": null,
              "enabled": false,
              "others": null
            },
            "apply_to": "site",
            "arp_filter": false,
            "auth": {
              "anticlog_threshold": null,
              "eap_reauth": false,
              "enable_mac_auth": true,
              "key_idx": 1,
              "keys": [
                "",
                "",
                "",
                ""
              ],
              "multi_psk_only": false,
              "owe": null,
              "pairwise": [],
              "private_wlan": false,
              "psk": "",
              "type": "open",
              "wep_as_secondary_auth": null
            },
            "auth_server_selection": "ordered",
            "auth_servers": [],
            "auth_servers_nas_id": "",
            "auth_servers_nas_ip": "",
            "auth_servers_retries": 2,
            "auth_servers_timeout": 5,
            "band_steer": false,
            "band_steer_force_band5": false,
            "bands": [
              "24",
              "5"
            ],
            "block_blacklist_clients": false,
            "bonjour": {
              "additional_vlan_ids": [],
              "enabled": null,
              "services": null
            },
            "cisco_cwa": {
              "allowed_hostnames": [],
              "allowed_subnets": [],
              "blocked_subnets": [],
              "enabled": false
            },
            "client_limit_down": 1000,
            "client_limit_down_enabled": false,
            "client_limit_up": 512,
            "client_limit_up_enabled": false,
            "coa_servers": [],
            "disable_11ax": false,
            "disable_ht_vht_rates": false,
            "disable_uapsd": false,
            "disable_v1_roam_notify": false,
            "disable_v2_roam_notify": false,
            "disable_when_gateway_unreachable": null,
            "disable_when_mxtunnel_down": null,
            "disable_wmm": false,
            "dns_server_rewrite": {
              "enabled": false,
              "radius_groups": {}
            },
            "dtim": 2,
            "dynamic_psk": null,
            "dynamic_vlan": null,
            "enable_local_keycaching": false,
            "enable_wireless_bridging": false,
            "enable_wireless_bridging_dhcp_tracking": false,
            "enabled": true,
            "fast_dot1x_timers": false,
            "hide_ssid": false,
            "hostname_ie": false,
            "hotspot20": {
              "domain_name": [],
              "enabled": false,
              "nai_realms": [],
              "operators": [],
              "rcoi": [],
              "venue_name": null
            },
            "id": "2c32fbbc-d469-4358-aab2-5cac602c4eb4",
            "inject_dhcp_option_82": null,
            "interface": "all",
            "isolation": false,
            "l2_isolation": false,
            "legacy_overds": false,
            "limit_bcast": false,
            "limit_probe_response": false,
            "max_idletime": 1800,
            "max_num_clients": 0,
            "mist_nac": {
              "enabled": true
            },
            "msp_id": "",
            "mxtunnel_ids": null,
            "mxtunnel_name": null,
            "no_static_dns": false,
            "no_static_ip": false,
            "org_id": "992bf4b9-c900-4850-9992-107b2f9df928",
            "portal": {
              "allow_wlan_id_roam": null,
              "amazon_client_id": "",
              "amazon_client_secret": "",
              "amazon_email_domains": [],
              "amazon_enabled": false,
              "amazon_expire": null,
              "auth": "none",
              "azure_client_id": "",
              "azure_client_secret": "",
              "azure_enabled": false,
              "azure_expire": null,
              "azure_tenant_id": "",
              "broadnet_password": null,
              "broadnet_sid": null,
              "broadnet_user_id": null,
              "bypass_when_cloud_down": true,
              "clickatell_api_key": null,
              "cross_site": null,
              "email_enabled": false,
              "enabled": false,
              "expire": 1440,
              "external_portal_url": "",
              "facebook_client_id": "",
              "facebook_client_secret": "",
              "facebook_email_domains": [],
              "facebook_enabled": false,
              "facebook_expire": null,
              "forward": false,
              "forward_url": "",
              "google_client_id": "",
              "google_client_secret": "",
              "google_email_domains": [],
              "google_enabled": false,
              "google_expire": null,
              "gupshup_password": null,
              "gupshup_userid": null,
              "microsoft_client_id": "",
              "microsoft_client_secret": "",
              "microsoft_email_domains": [],
              "microsoft_enabled": false,
              "microsoft_expire": null,
              "passphrase_enabled": false,
              "passphrase_expire": null,
              "password": "",
              "predefined_sponsors_enabled": false,
              "predefined_sponsors_hide_email": false,
              "privacy": false,
              "puzzel_password": null,
              "puzzel_service_id": null,
              "puzzel_username": null,
              "sms_enabled": false,
              "sms_expire": null,
              "sms_message_format": "Code {{code}} expires in {{duration}} minutes.",
              "sms_provider": "manual",
              "sponsor_auto_approve": null,
              "sponsor_email_domains": [],
              "sponsor_enabled": false,
              "sponsor_expire": null,
              "sponsor_link_validity_duration": "60",
              "sponsor_notify_all": true,
              "sponsor_status_notify": false,
              "sponsors": {},
              "sso_default_role": "",
              "sso_forced_role": "",
              "sso_idp_cert": "",
              "sso_idp_sign_algo": "sha1",
              "sso_idp_sso_url": "",
              "sso_issuer": "",
              "sso_nameid_format": "email",
              "telstra_client_id": null,
              "telstra_client_secret": null,
              "twilio_auth_token": null,
              "twilio_phone_number": null,
              "twilio_sid": null
            },
            "portal_allowed_hostnames": [],
            "portal_allowed_subnets": [],
            "portal_api_secret": "",
            "portal_denied_hostnames": [],
            "portal_image": "not_present",
            "portal_sso_url": "",
            "qos": {
              "class": "best_effort",
              "overwrite": false
            },
            "radsec": {
              "coa_enabled": null,
              "enabled": false,
              "idle_timeout": null,
              "mxcluster_ids": [],
              "proxy_hosts": [],
              "server_name": "",
              "servers": [],
              "use_mxedge": null,
              "use_site_mxedge": null
            },
            "rateset": {
              "24": {
                "ht": null,
                "legacy": [],
                "min_rssi": 0,
                "template": "compatible",
                "vht": null
              },
              "5": {
                "ht": null,
                "legacy": [],
                "min_rssi": 0,
                "template": "compatible",
                "vht": null
              },
              "6": {
                "ht": null,
                "legacy": [],
                "min_rssi": 0,
                "template": "compatible",
                "vht": null
              }
            },
            "reconnect_clients_when_roaming_mxcluster": null,
            "roam_mode": "NONE",
            "schedule": {
              "enabled": false,
              "hours": {
                "fri": null,
                "mon": null,
                "sat": null,
                "sun": null,
                "thu": null,
                "tue": null,
                "wed": null
              }
            },
            "site_id": "eb44b2dd-88ff-4468-b6c9-3ab39cbaff62",
            "sle_excluded": false,
            "ssid": "eBOS",
            "use_eapol_v1": false,
            "vlan_enabled": true,
            "vlan_id": "451",
            "vlan_ids": [],
            "vlan_pooling": false,
            "wlan_limit_down": 20000,
            "wlan_limit_down_enabled": false,
            "wlan_limit_up": 10000,
            "wlan_limit_up_enabled": false,
            "wxtag_ids": [],
            "wxtunnel_id": "",
            "wxtunnel_remote_id": ""
          },
          "sensitive_attributes": [
            [
              {
                "type": "get_attr",
                "value": "portal"
              },
              {
                "type": "get_attr",
                "value": "puzzel_password"
              }
            ],
            [
              {
                "type": "get_attr",
                "value": "portal"
              },
              {
                "type": "get_attr",
                "value": "password"
              }
            ],
            [
              {
                "type": "get_attr",
                "value": "portal"
              },
              {
                "type": "get_attr",
                "value": "broadnet_password"
              }
            ],
            [
              {
                "type": "get_attr",
                "value": "portal"
              },
              {
                "type": "get_attr",
                "value": "gupshup_password"
              }
            ],
            [
              {
                "type": "get_attr",
                "value": "airwatch"
              },
              {
                "type": "get_attr",
                "value": "password"
              }
            ],
            [
              {
                "type": "get_attr",
                "value": "auth"
              },
              {
                "type": "get_attr",
                "value": "psk"
              }
            ]
          ],
          "dependencies": [
            "mist_org.terraform_test",
            "mist_site.terraform_site"
          ]
        }
      ]
    },
    {
      "mode": "managed",
      "type": "mist_site_wxrule",
      "name": "test_01",
      "provider": "provider[\"registry.terraform.io/juniper/mist\"]",
      "instances": [
        {
          "schema_version": 0,
          "attributes": {
            "action": "allow",
            "apply_tags": null,
            "blocked_apps": null,
            "dst_allow_wxtags": [],
            "dst_deny_wxtags": [],
            "dst_wxtags": [],
            "enabled": false,
            "id": "cc9fd9d7-7bdc-430c-909a-f3cd73d5b484",
            "order": 2,
            "site_id": "eb44b2dd-88ff-4468-b6c9-3ab39cbaff62",
            "src_wxtags": []
          },
          "sensitive_attributes": [],
          "dependencies": [
            "mist_org.terraform_test",
            "mist_site.terraform_site"
          ]
        }
      ]
    },
    {
      "mode": "managed",
      "type": "mist_site_wxrule",
      "name": "test_1",
      "provider": "provider[\"registry.terraform.io/juniper/mist\"]",
      "instances": [
        {
          "schema_version": 0,
          "attributes": {
            "action": "allow",
            "apply_tags": null,
            "blocked_apps": null,
            "dst_allow_wxtags": [],
            "dst_deny_wxtags": [
              "1a90415c-3782-4ab7-96da-e763d0bfb14b"
            ],
            "dst_wxtags": [],
            "enabled": true,
            "id": "9f85ebb0-e017-4a1a-9554-fea59737bb90",
            "order": 1,
            "site_id": "eb44b2dd-88ff-4468-b6c9-3ab39cbaff62",
            "src_wxtags": [
              "4e612714-78da-4bba-8904-54c24e7df9b0"
            ]
          },
          "sensitive_attributes": [],
          "dependencies": [
            "mist_org.terraform_test",
            "mist_site.terraform_site",
            "mist_site_wxtag.test_2",
            "mist_site_wxtag.test_6"
          ]
        }
      ]
    },
    {
      "mode": "managed",
      "type": "mist_site_wxtag",
      "name": "test_2",
      "provider": "provider[\"registry.terraform.io/juniper/mist\"]",
      "instances": [
        {
          "schema_version": 0,
          "attributes": {
            "id": "1a90415c-3782-4ab7-96da-e763d0bfb14b",
            "mac": null,
            "match": "port",
            "name": "DNS",
            "op": "in",
            "site_id": "eb44b2dd-88ff-4468-b6c9-3ab39cbaff62",
            "specs": null,
            "type": "match",
            "values": [
              "53"
            ],
            "vlan_id": null
          },
          "sensitive_attributes": [],
          "dependencies": [
            "mist_org.terraform_test",
            "mist_site.terraform_site"
          ]
        }
      ]
    },
    {
      "mode": "managed",
      "type": "mist_site_wxtag",
      "name": "test_6",
      "provider": "provider[\"registry.terraform.io/juniper/mist\"]",
      "instances": [
        {
          "schema_version": 0,
          "attributes": {
            "id": "4e612714-78da-4bba-8904-54c24e7df9b0",
            "mac": null,
            "match": "radius_group",
            "name": "test1",
            "op": "in",
            "site_id": "eb44b2dd-88ff-4468-b6c9-3ab39cbaff62",
            "specs": null,
            "type": "match",
            "values": [
              "test1"
            ],
            "vlan_id": null
          },
          "sensitive_attributes": [],
          "dependencies": [
            "mist_org.terraform_test",
            "mist_site.terraform_site"
          ]
        }
      ]
    }
  ],
  "check_results": null
}
