{
  "version": 4,
  "terraform_version": "1.8.5",
  "serial": 45,
  "lineage": "b3ffaa77-1235-14bb-f123-a133955f78a0",
  "outputs": {},
  "resources": [
    {
      "mode": "managed",
      "type": "mistapi_org",
      "name": "terraform_test",
      "provider": "provider[\"registry.terraform.io/juniper/mistapi\"]",
      "instances": [
        {
          "schema_version": 0,
          "attributes": {
            "alarmtemplate_id": "",
            "allow_mist": true,
            "created_time": 1718728320,
            "id": "d0f2ae46-b6f9-4f5b-b8ba-6d9a28556035",
            "logo_url": "",
            "modified_time": 1718728320,
            "msp_id": "",
            "msp_name": "",
            "name": "Terraform Testing",
            "orggroup_ids": [],
            "session_expiry": 1440
          },
          "sensitive_attributes": []
        }
      ]
    }
  ],
  "check_results": null
}
