{
  "version": 4,
  "terraform_version": "1.9.2",
  "serial": 1380,
  "lineage": "20532229-881e-4371-f1fd-11d081e97e25",
  "outputs": {},
  "resources": [
    {
      "mode": "data",
      "type": "mist_countries",
      "name": "test",
      "provider": "provider[\"registry.terraform.io/juniper/mist\"]",
      "instances": [
        {
          "schema_version": 0,
          "attributes": {
            "countries": [
              {
                "alpha2": "AD",
                "certified": true,
                "name": "Andorra",
                "numeric": 20
              },
              {
                "alpha2": "AE",
                "certified": true,
                "name": "United Arab Emirates",
                "numeric": 784
              },
              {
                "alpha2": "AG",
                "certified": true,
                "name": "Antigua and Barbuda",
                "numeric": 28
              },
              {
                "alpha2": "AI",
                "certified": true,
                "name": "Anguilla",
                "numeric": 660
              },
              {
                "alpha2": "AL",
                "certified": true,
                "name": "Albania",
                "numeric": 8
              },
              {
                "alpha2": "AM",
                "certified": true,
                "name": "Armenia",
                "numeric": 51
              },
              {
                "alpha2": "AN",
                "certified": false,
                "name": "Netherlands Antilles",
                "numeric": 530
              },
              {
                "alpha2": "AO",
                "certified": true,
                "name": "Angola",
                "numeric": 24
              },
              {
                "alpha2": "AR",
                "certified": true,
                "name": "Argentina",
                "numeric": 32
              },
              {
                "alpha2": "AS",
                "certified": true,
                "name": "American Samoa",
                "numeric": 16
              },
              {
                "alpha2": "AT",
                "certified": true,
                "name": "Austria",
                "numeric": 40
              },
              {
                "alpha2": "AU",
                "certified": true,
                "name": "Australia",
                "numeric": 36
              },
              {
                "alpha2": "AW",
                "certified": true,
                "name": "Aruba",
                "numeric": 533
              },
              {
                "alpha2": "AZ",
                "certified": true,
                "name": "Azerbaijan",
                "numeric": 31
              },
              {
                "alpha2": "BA",
                "certified": true,
                "name": "Bosnia and Herzegovina",
                "numeric": 70
              },
              {
                "alpha2": "BB",
                "certified": true,
                "name": "Barbados",
                "numeric": 52
              },
              {
                "alpha2": "BD",
                "certified": true,
                "name": "Bangladesh",
                "numeric": 50
              },
              {
                "alpha2": "BE",
                "certified": true,
                "name": "Belgium",
                "numeric": 56
              },
              {
                "alpha2": "BG",
                "certified": true,
                "name": "Bulgaria",
                "numeric": 100
              },
              {
                "alpha2": "BH",
                "certified": true,
                "name": "Bahrain",
                "numeric": 48
              },
              {
                "alpha2": "BJ",
                "certified": true,
                "name": "Benin",
                "numeric": 204
              },
              {
                "alpha2": "BM",
                "certified": true,
                "name": "Bermuda",
                "numeric": 60
              },
              {
                "alpha2": "BN",
                "certified": false,
                "name": "Brunei Darussalam",
                "numeric": 96
              },
              {
                "alpha2": "BO",
                "certified": true,
                "name": "Bolivia",
                "numeric": 68
              },
              {
                "alpha2": "BR",
                "certified": true,
                "name": "Brazil",
                "numeric": 76
              },
              {
                "alpha2": "BS",
                "certified": true,
                "name": "Bahamas",
                "numeric": 44
              },
              {
                "alpha2": "BY",
                "certified": true,
                "name": "Belarus",
                "numeric": 112
              },
              {
                "alpha2": "BZ",
                "certified": true,
                "name": "Belize",
                "numeric": 84
              },
              {
                "alpha2": "CA",
                "certified": true,
                "name": "Canada",
                "numeric": 124
              },
              {
                "alpha2": "CH",
                "certified": true,
                "name": "Switzerland",
                "numeric": 756
              },
              {
                "alpha2": "CI",
                "certified": true,
                "name": "Côte d'Ivoire",
                "numeric": 384
              },
              {
                "alpha2": "CL",
                "certified": true,
                "name": "Chile",
                "numeric": 152
              },
              {
                "alpha2": "CM",
                "certified": true,
                "name": "Cameroon",
                "numeric": 120
              },
              {
                "alpha2": "CN",
                "certified": true,
                "name": "China",
                "numeric": 156
              },
              {
                "alpha2": "CO",
                "certified": true,
                "name": "Colombia",
                "numeric": 170
              },
              {
                "alpha2": "CR",
                "certified": true,
                "name": "Costa Rica",
                "numeric": 188
              },
              {
                "alpha2": "CV",
                "certified": true,
                "name": "Cabo Verde",
                "numeric": 132
              },
              {
                "alpha2": "CY",
                "certified": true,
                "name": "Cyprus",
                "numeric": 196
              },
              {
                "alpha2": "CZ",
                "certified": true,
                "name": "Czech Republic",
                "numeric": 203
              },
              {
                "alpha2": "DE",
                "certified": true,
                "name": "Germany",
                "numeric": 276
              },
              {
                "alpha2": "DK",
                "certified": true,
                "name": "Denmark",
                "numeric": 208
              },
              {
                "alpha2": "DO",
                "certified": true,
                "name": "Dominican Republic",
                "numeric": 214
              },
              {
                "alpha2": "DZ",
                "certified": false,
                "name": "Algeria",
                "numeric": 12
              },
              {
                "alpha2": "EC",
                "certified": true,
                "name": "Ecuador",
                "numeric": 218
              },
              {
                "alpha2": "EE",
                "certified": true,
                "name": "Estonia",
                "numeric": 233
              },
              {
                "alpha2": "EG",
                "certified": true,
                "name": "Egypt",
                "numeric": 818
              },
              {
                "alpha2": "ES",
                "certified": true,
                "name": "Spain",
                "numeric": 724
              },
              {
                "alpha2": "ET",
                "certified": true,
                "name": "Ethiopia",
                "numeric": 231
              },
              {
                "alpha2": "FI",
                "certified": true,
                "name": "Finland",
                "numeric": 246
              },
              {
                "alpha2": "FJ",
                "certified": true,
                "name": "Fiji",
                "numeric": 242
              },
              {
                "alpha2": "FM",
                "certified": true,
                "name": "Micronesia",
                "numeric": 583
              },
              {
                "alpha2": "FO",
                "certified": true,
                "name": "Faroe Islands",
                "numeric": 234
              },
              {
                "alpha2": "FR",
                "certified": true,
                "name": "France",
                "numeric": 250
              },
              {
                "alpha2": "GA",
                "certified": true,
                "name": "Gabon",
                "numeric": 266
              },
              {
                "alpha2": "GB",
                "certified": true,
                "name": "United Kingdom",
                "numeric": 826
              },
              {
                "alpha2": "GD",
                "certified": true,
                "name": "Grenada",
                "numeric": 308
              },
              {
                "alpha2": "GE",
                "certified": true,
                "name": "Georgia",
                "numeric": 268
              },
              {
                "alpha2": "GG",
                "certified": true,
                "name": "Guernsey",
                "numeric": 831
              },
              {
                "alpha2": "GH",
                "certified": true,
                "name": "Ghana",
                "numeric": 288
              },
              {
                "alpha2": "GI",
                "certified": true,
                "name": "Gibraltar",
                "numeric": 292
              },
              {
                "alpha2": "GL",
                "certified": true,
                "name": "Greenland",
                "numeric": 304
              },
              {
                "alpha2": "GR",
                "certified": true,
                "name": "Greece",
                "numeric": 300
              },
              {
                "alpha2": "GT",
                "certified": true,
                "name": "Guatemala",
                "numeric": 320
              },
              {
                "alpha2": "GU",
                "certified": true,
                "name": "Guam",
                "numeric": 316
              },
              {
                "alpha2": "GY",
                "certified": true,
                "name": "Guyana",
                "numeric": 328
              },
              {
                "alpha2": "HK",
                "certified": true,
                "name": "Hong Kong",
                "numeric": 344
              },
              {
                "alpha2": "HN",
                "certified": true,
                "name": "Honduras",
                "numeric": 340
              },
              {
                "alpha2": "HR",
                "certified": true,
                "name": "Croatia",
                "numeric": 191
              },
              {
                "alpha2": "HT",
                "certified": true,
                "name": "Haiti",
                "numeric": 332
              },
              {
                "alpha2": "HU",
                "certified": true,
                "name": "Hungary",
                "numeric": 348
              },
              {
                "alpha2": "ID",
                "certified": true,
                "name": "Indonesia",
                "numeric": 360
              },
              {
                "alpha2": "IE",
                "certified": true,
                "name": "Ireland",
                "numeric": 372
              },
              {
                "alpha2": "IL",
                "certified": true,
                "name": "Israel",
                "numeric": 376
              },
              {
                "alpha2": "IN",
                "certified": true,
                "name": "India",
                "numeric": 356
              },
              {
                "alpha2": "IQ",
                "certified": true,
                "name": "Iraq",
                "numeric": 368
              },
              {
                "alpha2": "IS",
                "certified": true,
                "name": "Iceland",
                "numeric": 352
              },
              {
                "alpha2": "IT",
                "certified": true,
                "name": "Italy",
                "numeric": 380
              },
              {
                "alpha2": "JM",
                "certified": false,
                "name": "Jamaica",
                "numeric": 388
              },
              {
                "alpha2": "JO",
                "certified": true,
                "name": "Jordan",
                "numeric": 400
              },
              {
                "alpha2": "JP",
                "certified": true,
                "name": "Japan",
                "numeric": 392
              },
              {
                "alpha2": "KE",
                "certified": true,
                "name": "Kenya",
                "numeric": 404
              },
              {
                "alpha2": "KH",
                "certified": true,
                "name": "Cambodia",
                "numeric": 116
              },
              {
                "alpha2": "KN",
                "certified": true,
                "name": "Saint Kitts and Nevis",
                "numeric": 659
              },
              {
                "alpha2": "KR",
                "certified": true,
                "name": "Korea Republic",
                "numeric": 410
              },
              {
                "alpha2": "KW",
                "certified": true,
                "name": "Kuwait",
                "numeric": 414
              },
              {
                "alpha2": "KY",
                "certified": true,
                "name": "Cayman Islands",
                "numeric": 136
              },
              {
                "alpha2": "KZ",
                "certified": true,
                "name": "Kazakhstan",
                "numeric": 398
              },
              {
                "alpha2": "LB",
                "certified": true,
                "name": "Lebanon",
                "numeric": 422
              },
              {
                "alpha2": "LC",
                "certified": true,
                "name": "Saint Lucia",
                "numeric": 662
              },
              {
                "alpha2": "LI",
                "certified": true,
                "name": "Liechtenstein",
                "numeric": 438
              },
              {
                "alpha2": "LK",
                "certified": true,
                "name": "Sri Lanka",
                "numeric": 144
              },
              {
                "alpha2": "LT",
                "certified": true,
                "name": "Lithuania",
                "numeric": 440
              },
              {
                "alpha2": "LU",
                "certified": true,
                "name": "Luxembourg",
                "numeric": 442
              },
              {
                "alpha2": "LV",
                "certified": true,
                "name": "Latvia",
                "numeric": 428
              },
              {
                "alpha2": "LY",
                "certified": true,
                "name": "Libya",
                "numeric": 434
              },
              {
                "alpha2": "MA",
                "certified": true,
                "name": "Morocco",
                "numeric": 504
              },
              {
                "alpha2": "MC",
                "certified": true,
                "name": "Monaco",
                "numeric": 492
              },
              {
                "alpha2": "MD",
                "certified": true,
                "name": "Moldova",
                "numeric": 498
              },
              {
                "alpha2": "ME",
                "certified": true,
                "name": "Montenegro",
                "numeric": 499
              },
              {
                "alpha2": "MF",
                "certified": true,
                "name": "Saint Martin",
                "numeric": 663
              },
              {
                "alpha2": "MK",
                "certified": true,
                "name": "Macedonia",
                "numeric": 807
              },
              {
                "alpha2": "ML",
                "certified": true,
                "name": "Mali",
                "numeric": 466
              },
              {
                "alpha2": "MO",
                "certified": true,
                "name": "Macau",
                "numeric": 446
              },
              {
                "alpha2": "MP",
                "certified": true,
                "name": "Northern Mariana Islands",
                "numeric": 580
              },
              {
                "alpha2": "MT",
                "certified": true,
                "name": "Malta",
                "numeric": 470
              },
              {
                "alpha2": "MU",
                "certified": true,
                "name": "Mauritius",
                "numeric": 480
              },
              {
                "alpha2": "MV",
                "certified": true,
                "name": "Maldives",
                "numeric": 462
              },
              {
                "alpha2": "MX",
                "certified": true,
                "name": "Mexico",
                "numeric": 484
              },
              {
                "alpha2": "MY",
                "certified": true,
                "name": "Malaysia",
                "numeric": 458
              },
              {
                "alpha2": "MZ",
                "certified": true,
                "name": "Mozambique",
                "numeric": 508
              },
              {
                "alpha2": "NA",
                "certified": true,
                "name": "Namibia",
                "numeric": 516
              },
              {
                "alpha2": "NG",
                "certified": true,
                "name": "Nigeria",
                "numeric": 566
              },
              {
                "alpha2": "NI",
                "certified": true,
                "name": "Nicaragua",
                "numeric": 558
              },
              {
                "alpha2": "NL",
                "certified": true,
                "name": "Netherlands",
                "numeric": 528
              },
              {
                "alpha2": "NO",
                "certified": true,
                "name": "Norway",
                "numeric": 578
              },
              {
                "alpha2": "NP",
                "certified": false,
                "name": "Nepal",
                "numeric": 524
              },
              {
                "alpha2": "NZ",
                "certified": true,
                "name": "New Zealand",
                "numeric": 554
              },
              {
                "alpha2": "OM",
                "certified": true,
                "name": "Oman",
                "numeric": 512
              },
              {
                "alpha2": "PA",
                "certified": true,
                "name": "Panama",
                "numeric": 591
              },
              {
                "alpha2": "PE",
                "certified": true,
                "name": "Peru",
                "numeric": 604
              },
              {
                "alpha2": "PF",
                "certified": true,
                "name": "French Polynesia",
                "numeric": 258
              },
              {
                "alpha2": "PG",
                "certified": false,
                "name": "Papua New Guinea",
                "numeric": 598
              },
              {
                "alpha2": "PH",
                "certified": true,
                "name": "Philippines",
                "numeric": 608
              },
              {
                "alpha2": "PK",
                "certified": true,
                "name": "Pakistan",
                "numeric": 586
              },
              {
                "alpha2": "PL",
                "certified": true,
                "name": "Poland",
                "numeric": 616
              },
              {
                "alpha2": "PR",
                "certified": true,
                "name": "Puerto Rico",
                "numeric": 630
              },
              {
                "alpha2": "PT",
                "certified": true,
                "name": "Portugal",
                "numeric": 620
              },
              {
                "alpha2": "PW",
                "certified": true,
                "name": "Palau",
                "numeric": 585
              },
              {
                "alpha2": "PY",
                "certified": true,
                "name": "Paraguay",
                "numeric": 600
              },
              {
                "alpha2": "QA",
                "certified": true,
                "name": "Qatar",
                "numeric": 634
              },
              {
                "alpha2": "RE",
                "certified": true,
                "name": "Reunion",
                "numeric": 638
              },
              {
                "alpha2": "RO",
                "certified": true,
                "name": "Romania",
                "numeric": 642
              },
              {
                "alpha2": "RS",
                "certified": true,
                "name": "Serbia",
                "numeric": 688
              },
              {
                "alpha2": "RU",
                "certified": true,
                "name": "Russia",
                "numeric": 643
              },
              {
                "alpha2": "RW",
                "certified": false,
                "name": "Rwanda",
                "numeric": 646
              },
              {
                "alpha2": "SA",
                "certified": true,
                "name": "Saudi Arabia",
                "numeric": 682
              },
              {
                "alpha2": "SE",
                "certified": true,
                "name": "Sweden",
                "numeric": 752
              },
              {
                "alpha2": "SG",
                "certified": true,
                "name": "Singapore",
                "numeric": 702
              },
              {
                "alpha2": "SI",
                "certified": true,
                "name": "Slovenia",
                "numeric": 705
              },
              {
                "alpha2": "SK",
                "certified": true,
                "name": "Slovakia",
                "numeric": 703
              },
              {
                "alpha2": "SM",
                "certified": true,
                "name": "San Marino",
                "numeric": 674
              },
              {
                "alpha2": "SV",
                "certified": true,
                "name": "El Salvador",
                "numeric": 222
              },
              {
                "alpha2": "SZ",
                "certified": true,
                "name": "Eswatini",
                "numeric": 748
              },
              {
                "alpha2": "TC",
                "certified": true,
                "name": "Turks and Caicos Islands",
                "numeric": 796
              },
              {
                "alpha2": "TF",
                "certified": true,
                "name": "French Southern Territories",
                "numeric": 260
              },
              {
                "alpha2": "TG",
                "certified": true,
                "name": "Togo",
                "numeric": 768
              },
              {
                "alpha2": "TH",
                "certified": true,
                "name": "Thailand",
                "numeric": 764
              },
              {
                "alpha2": "TN",
                "certified": false,
                "name": "Tunisia",
                "numeric": 788
              },
              {
                "alpha2": "TR",
                "certified": true,
                "name": "Turkey",
                "numeric": 792
              },
              {
                "alpha2": "TT",
                "certified": true,
                "name": "Trinidad and Tobago",
                "numeric": 780
              },
              {
                "alpha2": "TW",
                "certified": true,
                "name": "Taiwan",
                "numeric": 158
              },
              {
                "alpha2": "TZ",
                "certified": true,
                "name": "Tanzania",
                "numeric": 834
              },
              {
                "alpha2": "UA",
                "certified": true,
                "name": "Ukraine",
                "numeric": 804
              },
              {
                "alpha2": "UG",
                "certified": false,
                "name": "Uganda",
                "numeric": 800
              },
              {
                "alpha2": "US",
                "certified": true,
                "name": "United States",
                "numeric": 840
              },
              {
                "alpha2": "UY",
                "certified": true,
                "name": "Uruguay",
                "numeric": 858
              },
              {
                "alpha2": "UZ",
                "certified": false,
                "name": "Uzbekistan",
                "numeric": 860
              },
              {
                "alpha2": "VA",
                "certified": true,
                "name": "Holy See",
                "numeric": 336
              },
              {
                "alpha2": "VE",
                "certified": true,
                "name": "Venezuela",
                "numeric": 862
              },
              {
                "alpha2": "VI",
                "certified": true,
                "name": "Virgin Islands",
                "numeric": 850
              },
              {
                "alpha2": "VN",
                "certified": true,
                "name": "Viet Nam",
                "numeric": 704
              },
              {
                "alpha2": "WF",
                "certified": true,
                "name": "Wallis and Futuna",
                "numeric": 876
              },
              {
                "alpha2": "XK",
                "certified": true,
                "name": "Kosovo",
                "numeric": 983
              },
              {
                "alpha2": "YE",
                "certified": false,
                "name": "Yemen",
                "numeric": 887
              },
              {
                "alpha2": "ZA",
                "certified": true,
                "name": "South Africa",
                "numeric": 710
              },
              {
                "alpha2": "ZW",
                "certified": false,
                "name": "Zimbabwe",
                "numeric": 716
              },
              {
                "alpha2": "__",
                "certified": false,
                "name": "Any Country",
                "numeric": 0
              }
            ]
          },
          "sensitive_attributes": []
        }
      ]
    },
    {
      "mode": "data",
      "type": "mist_device_gateway_stats",
      "name": "example3",
      "provider": "provider[\"registry.terraform.io/juniper/mist\"]",
      "instances": [
        {
          "schema_version": 0,
          "attributes": {
            "device_gateway_stats": [
              {
                "ap_redundancy": null,
                "arp_table_stats": {
                  "arp_table_count": 105,
                  "max_entries_supported": 64000
                },
                "cert_expiry": 1725906367,
                "cluster_config": null,
                "cluster_stat": null,
                "conductor_name": null,
                "config_status": "COMMITED",
                "cpu2_stat": null,
                "cpu_stat": {
                  "idle": 71,
                  "interrupt": 0,
                  "load_avg": [
                    1.19,
                    0.91,
                    0.77
                  ],
                  "system": 13,
                  "user": 16
                },
                "created_time": 1633715180,
                "deviceprofile_id": null,
                "dhcpd2_stat": null,
                "dhcpd_stat": {
                  "GuestLAN": {
                    "num_ips": 497,
                    "num_leased": 0
                  },
                  "IoTLAN": {
                    "num_ips": 91,
                    "num_leased": 0
                  },
                  "LD_VLAN2": {
                    "num_ips": 245,
                    "num_leased": 22
                  },
                  "LD_VLAN24": {
                    "num_ips": 245,
                    "num_leased": 0
                  },
                  "default-vlan": {
                    "num_ips": 347,
                    "num_leased": 81
                  }
                },
                "ext_ip": "98.51.212.195",
                "fwupdate": {
                  "progress": 100,
                  "status": "success",
                  "status_id": 3037,
                  "timestamp": 1702624262.284043,
                  "will_retry": false
                },
                "has_pcap": false,
                "hostname": "LD_CUP_SRX_1",
                "id": "00000000-0000-0000-1000-fc33426d5b80",
                "if2_stat": null,
                "if_stat": {
                  "fxp0.0": {
                    "address_mode": "Unknown",
                    "ips": [
                      "172.16.85.249/23"
                    ],
                    "nat_addresses": [
                      "0.0.0.0"
                    ],
                    "network_name": "",
                    "port_id": "fxp0",
                    "port_usage": "",
                    "redundancy_state": null,
                    "rx_bytes": 7126562625,
                    "rx_pkts": 94621173,
                    "servp_info": {
                      "asn": null,
                      "city": null,
                      "country_code": null,
                      "latitude": null,
                      "longitude": null,
                      "org": null,
                      "region_code": null
                    },
                    "tx_bytes": 248185161,
                    "tx_pkts": 1790186,
                    "up": true,
                    "vlan": 0,
                    "wan_name": null,
                    "wan_type": null
                  },
                  "fxp2.0": {
                    "address_mode": "Unknown",
                    "ips": null,
                    "nat_addresses": [
                      "0.0.0.0"
                    ],
                    "network_name": "",
                    "port_id": "fxp2",
                    "port_usage": "",
                    "redundancy_state": null,
                    "rx_bytes": 0,
                    "rx_pkts": 0,
                    "servp_info": null,
                    "tx_bytes": 486248508,
                    "tx_pkts": 13506903,
                    "up": true,
                    "vlan": 0,
                    "wan_name": null,
                    "wan_type": null
                  },
                  "ge-0/0/0.0": {
                    "address_mode": "Unknown",
                    "ips": [
                      "98.51.212.195/23"
                    ],
                    "nat_addresses": [
                      "0.0.0.0"
                    ],
                    "network_name": "",
                    "port_id": "ge-0/0/0",
                    "port_usage": "wan",
                    "redundancy_state": null,
                    "rx_bytes": 7016437512020,
                    "rx_pkts": 7110254083,
                    "servp_info": {
                      "asn": "AS7922",
                      "city": "Los Altos",
                      "country_code": "US",
                      "latitude": 37.359,
                      "longitude": -122.0866,
                      "org": "COMCAST-7922",
                      "region_code": "CA"
                    },
                    "tx_bytes": 2460149199299,
                    "tx_pkts": 4581474147,
                    "up": true,
                    "vlan": 0,
                    "wan_name": "",
                    "wan_type": null
                  },
                  "ge-0/0/1.0": {
                    "address_mode": "Unknown",
                    "ips": null,
                    "nat_addresses": [],
                    "network_name": "",
                    "port_id": "ge-0/0/1",
                    "port_usage": "wan",
                    "redundancy_state": null,
                    "rx_bytes": 0,
                    "rx_pkts": 0,
                    "servp_info": null,
                    "tx_bytes": 0,
                    "tx_pkts": 0,
                    "up": false,
                    "vlan": 0,
                    "wan_name": "",
                    "wan_type": null
                  },
                  "ge-0/0/13.0": {
                    "address_mode": "Unknown",
                    "ips": null,
                    "nat_addresses": [],
                    "network_name": "",
                    "port_id": "ge-0/0/13",
                    "port_usage": "lan",
                    "redundancy_state": null,
                    "rx_bytes": 0,
                    "rx_pkts": 0,
                    "servp_info": null,
                    "tx_bytes": 0,
                    "tx_pkts": 0,
                    "up": false,
                    "vlan": 0,
                    "wan_name": null,
                    "wan_type": null
                  },
                  "ge-0/0/14.0": {
                    "address_mode": "Unknown",
                    "ips": null,
                    "nat_addresses": [],
                    "network_name": "",
                    "port_id": "ge-0/0/14",
                    "port_usage": "lan",
                    "redundancy_state": null,
                    "rx_bytes": 0,
                    "rx_pkts": 0,
                    "servp_info": null,
                    "tx_bytes": 0,
                    "tx_pkts": 0,
                    "up": false,
                    "vlan": 0,
                    "wan_name": null,
                    "wan_type": null
                  },
                  "ge-0/0/3.0": {
                    "address_mode": "Unknown",
                    "ips": [
                      "10.100.0.1/23"
                    ],
                    "nat_addresses": [
                      "0.0.0.0"
                    ],
                    "network_name": "",
                    "port_id": "ge-0/0/3",
                    "port_usage": "lan",
                    "redundancy_state": null,
                    "rx_bytes": 1980895116945,
                    "rx_pkts": 3821374177,
                    "servp_info": {
                      "asn": null,
                      "city": null,
                      "country_code": null,
                      "latitude": null,
                      "longitude": null,
                      "org": null,
                      "region_code": null
                    },
                    "tx_bytes": 6141779400564,
                    "tx_pkts": 6069349932,
                    "up": true,
                    "vlan": 0,
                    "wan_name": null,
                    "wan_type": null
                  },
                  "ge-0/0/3.2": {
                    "address_mode": "Unknown",
                    "ips": [
                      "192.168.2.1/24"
                    ],
                    "nat_addresses": [
                      "0.0.0.0"
                    ],
                    "network_name": "",
                    "port_id": "ge-0/0/3",
                    "port_usage": "lan",
                    "redundancy_state": null,
                    "rx_bytes": 346751314174,
                    "rx_pkts": 666726906,
                    "servp_info": {
                      "asn": null,
                      "city": null,
                      "country_code": null,
                      "latitude": null,
                      "longitude": null,
                      "org": null,
                      "region_code": null
                    },
                    "tx_bytes": 857708456301,
                    "tx_pkts": 887902542,
                    "up": true,
                    "vlan": 0,
                    "wan_name": null,
                    "wan_type": null
                  },
                  "ge-0/0/3.20": {
                    "address_mode": "Unknown",
                    "ips": [
                      "10.100.20.1/24"
                    ],
                    "nat_addresses": [
                      "0.0.0.0"
                    ],
                    "network_name": "",
                    "port_id": "ge-0/0/3",
                    "port_usage": "lan",
                    "redundancy_state": null,
                    "rx_bytes": 0,
                    "rx_pkts": 0,
                    "servp_info": {
                      "asn": null,
                      "city": null,
                      "country_code": null,
                      "latitude": null,
                      "longitude": null,
                      "org": null,
                      "region_code": null
                    },
                    "tx_bytes": 0,
                    "tx_pkts": 0,
                    "up": true,
                    "vlan": 0,
                    "wan_name": null,
                    "wan_type": null
                  },
                  "ge-0/0/3.24": {
                    "address_mode": "Unknown",
                    "ips": [
                      "192.168.24.1/24"
                    ],
                    "nat_addresses": [
                      "0.0.0.0"
                    ],
                    "network_name": "",
                    "port_id": "ge-0/0/3",
                    "port_usage": "lan",
                    "redundancy_state": null,
                    "rx_bytes": 0,
                    "rx_pkts": 0,
                    "servp_info": {
                      "asn": null,
                      "city": null,
                      "country_code": null,
                      "latitude": null,
                      "longitude": null,
                      "org": null,
                      "region_code": null
                    },
                    "tx_bytes": 0,
                    "tx_pkts": 0,
                    "up": true,
                    "vlan": 0,
                    "wan_name": null,
                    "wan_type": null
                  },
                  "ge-0/0/3.30": {
                    "address_mode": "Unknown",
                    "ips": [
                      "10.100.30.1/23"
                    ],
                    "nat_addresses": [
                      "0.0.0.0"
                    ],
                    "network_name": "",
                    "port_id": "ge-0/0/3",
                    "port_usage": "lan",
                    "redundancy_state": null,
                    "rx_bytes": 0,
                    "rx_pkts": 0,
                    "servp_info": {
                      "asn": null,
                      "city": null,
                      "country_code": null,
                      "latitude": null,
                      "longitude": null,
                      "org": null,
                      "region_code": null
                    },
                    "tx_bytes": 0,
                    "tx_pkts": 0,
                    "up": true,
                    "vlan": 0,
                    "wan_name": null,
                    "wan_type": null
                  },
                  "ge-0/0/3.32767": {
                    "address_mode": "Unknown",
                    "ips": null,
                    "nat_addresses": [],
                    "network_name": "",
                    "port_id": "ge-0/0/3",
                    "port_usage": "lan",
                    "redundancy_state": null,
                    "rx_bytes": 224390367,
                    "rx_pkts": 486747,
                    "servp_info": null,
                    "tx_bytes": 189321243,
                    "tx_pkts": 486687,
                    "up": true,
                    "vlan": 0,
                    "wan_name": null,
                    "wan_type": null
                  },
                  "lo0.0": {
                    "address_mode": "Unknown",
                    "ips": [
                      "100.100.0.2/0"
                    ],
                    "nat_addresses": [
                      "0.0.0.0"
                    ],
                    "network_name": "",
                    "port_id": "lo0",
                    "port_usage": "",
                    "redundancy_state": null,
                    "rx_bytes": 125721780,
                    "rx_pkts": 778230,
                    "servp_info": {
                      "asn": null,
                      "city": null,
                      "country_code": null,
                      "latitude": null,
                      "longitude": null,
                      "org": null,
                      "region_code": null
                    },
                    "tx_bytes": 125721780,
                    "tx_pkts": 778230,
                    "up": true,
                    "vlan": 0,
                    "wan_name": null,
                    "wan_type": null
                  },
                  "lo0.16384": {
                    "address_mode": "Unknown",
                    "ips": [
                      "127.0.0.1/0"
                    ],
                    "nat_addresses": [
                      "0.0.0.0"
                    ],
                    "network_name": "",
                    "port_id": "lo0",
                    "port_usage": "",
                    "redundancy_state": null,
                    "rx_bytes": 1176611080,
                    "rx_pkts": 3563643,
                    "servp_info": {
                      "asn": null,
                      "city": null,
                      "country_code": null,
                      "latitude": null,
                      "longitude": null,
                      "org": null,
                      "region_code": null
                    },
                    "tx_bytes": 1176611080,
                    "tx_pkts": 3563643,
                    "up": true,
                    "vlan": 0,
                    "wan_name": null,
                    "wan_type": null
                  },
                  "lo0.16385": {
                    "address_mode": "Unknown",
                    "ips": [
                      "10.0.0.1/0",
                      "10.0.0.16/0",
                      "128.0.0.4/0",
                      "128.0.1.16/0"
                    ],
                    "nat_addresses": [
                      "0.0.0.0",
                      "0.0.0.0",
                      "0.0.0.0",
                      "0.0.0.0",
                      "0.0.0.0"
                    ],
                    "network_name": "",
                    "port_id": "lo0",
                    "port_usage": "",
                    "redundancy_state": null,
                    "rx_bytes": 11326423661,
                    "rx_pkts": 244975823,
                    "servp_info": {
                      "asn": null,
                      "city": null,
                      "country_code": null,
                      "latitude": null,
                      "longitude": null,
                      "org": null,
                      "region_code": null
                    },
                    "tx_bytes": 11326423661,
                    "tx_pkts": 244975823,
                    "up": true,
                    "vlan": 0,
                    "wan_name": null,
                    "wan_type": null
                  },
                  "lo0.32768": {
                    "address_mode": "Unknown",
                    "ips": null,
                    "nat_addresses": [],
                    "network_name": "",
                    "port_id": "lo0",
                    "port_usage": "",
                    "redundancy_state": null,
                    "rx_bytes": 0,
                    "rx_pkts": 0,
                    "servp_info": null,
                    "tx_bytes": 0,
                    "tx_pkts": 0,
                    "up": true,
                    "vlan": 0,
                    "wan_name": null,
                    "wan_type": null
                  }
                },
                "ip": "98.51.212.195",
                "ip2_stat": null,
                "ip_stat": {
                  "dhcp_server": null,
                  "dns": null,
                  "dns_suffix": null,
                  "gateway": "98.51.212.1",
                  "gateway6": null,
                  "ip": "98.51.212.195",
                  "ip6": null,
                  "ips": {
                    "vlan1": "98.51.212.195,98.51.212.195"
                  },
                  "netmask": "255.255.255.255",
                  "netmask6": null
                },
                "is_ha": null,
                "last_seen": 1720865367,
                "mac": "fc33426d5b80",
                "map_id": "21f849d4-d12f-4feb-b40f-5be0e2aef8cf",
                "memory2_stat": null,
                "memory_stat": {
                  "usage": 46
                },
                "model": "SRX340",
                "modified_time": 1702628948,
                "module2_stat": null,
                "module_stat": [
                  {
                    "backup_version": "21.2R3-S6.11",
                    "bios_version": "",
                    "cpld_version": "",
                    "errors": null,
                    "fans": [
                      {
                        "airflow": "in",
                        "name": "SRX340 Chassis fan 0",
                        "status": "ok"
                      },
                      {
                        "airflow": "in",
                        "name": "SRX340 Chassis fan 1",
                        "status": "ok"
                      },
                      {
                        "airflow": "in",
                        "name": "SRX340 Chassis fan 2",
                        "status": "ok"
                      },
                      {
                        "airflow": "in",
                        "name": "SRX340 Chassis fan 3",
                        "status": "ok"
                      }
                    ],
                    "fpga_version": "",
                    "last_seen": 1720865279,
                    "model": "SRX340",
                    "optics_cpld_version": "",
                    "pending_version": "",
                    "pics": null,
                    "poe": {
                      "max_power": null,
                      "power_draw": null
                    },
                    "poe_version": "",
                    "power_cpld_version": "",
                    "psus": [
                      {
                        "name": "Power Supply 0",
                        "status": "ok"
                      }
                    ],
                    "re_fpga_version": "",
                    "recovery_version": "21.2R3-S6.11",
                    "serial": "CY1519AN0194",
                    "status": "connected",
                    "temperatures": [
                      {
                        "celsius": 35,
                        "name": "Routing Engine",
                        "status": "ok"
                      },
                      {
                        "celsius": 56,
                        "name": "Routing Engine CPU",
                        "status": "ok"
                      }
                    ],
                    "tmc_fpga_version": "",
                    "uboot_version": "",
                    "uptime": 0,
                    "vc_links": null,
                    "vc_mode": "",
                    "vc_role": "",
                    "vc_state": "",
                    "version": "21.2R3-S6.11"
                  }
                ],
                "name": "LD_CUP_SRX_1",
                "node_name": null,
                "org_id": "9777c1a0-6ef6-11e6-8bbf-02e208b2d34f",
                "route_summary_stats": {
                  "fib_routes": 0,
                  "max_unicast_routes_supported": 1240000,
                  "rib_routes": 0,
                  "total_routes": 0
                },
                "router_name": null,
                "serial": "CY1519AN0194",
                "service2_stat": null,
                "service_stat": {},
                "service_status": {
                  "appid_install_result": "failed",
                  "appid_install_timestamp": "2023-12-12T01:35:10.628491044Z",
                  "appid_status": "enabled",
                  "appid_version": 3722,
                  "ewf_status": "enabled",
                  "idp_install_result": "successful",
                  "idp_install_timestamp": "2024-07-13T00:36:15.717685181Z",
                  "idp_policy": "idp-policy-unified",
                  "idp_status": "enabled",
                  "idp_update_timestamp": "2024-07-13T00:27:35.887501557Z"
                },
                "site_id": "978c48e6-6ef6-11e6-8bbf-02e208b2d34f",
                "spu2_stat": null,
                "spu_stat": [
                  {
                    "spu_cpu": 1,
                    "spu_current_session": 248,
                    "spu_max_session": 131072,
                    "spu_memory": 50,
                    "spu_pending_session": 0,
                    "spu_valid_session": 0
                  }
                ],
                "status": "connected",
                "uptime": 13507400,
                "version": "21.2R3-S6.11"
              },
              {
                "ap_redundancy": null,
                "arp_table_stats": {
                  "arp_table_count": 10,
                  "max_entries_supported": 64000
                },
                "cert_expiry": 1750467111,
                "cluster_config": null,
                "cluster_stat": null,
                "conductor_name": null,
                "config_status": "COMMITED",
                "cpu2_stat": null,
                "cpu_stat": {
                  "idle": 77,
                  "interrupt": 0,
                  "load_avg": [
                    0.53,
                    0.45,
                    0.41
                  ],
                  "system": 7,
                  "user": 16
                },
                "created_time": 1718915290,
                "deviceprofile_id": null,
                "dhcpd2_stat": null,
                "dhcpd_stat": {
                  "byod": {
                    "num_ips": 100,
                    "num_leased": 0
                  },
                  "corp": {
                    "num_ips": 100,
                    "num_leased": 1
                  },
                  "guest": {
                    "num_ips": 240,
                    "num_leased": 0
                  },
                  "iot": {
                    "num_ips": 110,
                    "num_leased": 0
                  },
                  "mgmt": {
                    "num_ips": 100,
                    "num_leased": 4
                  }
                },
                "ext_ip": "135.23.128.67",
                "fwupdate": null,
                "has_pcap": false,
                "hostname": "wan_srx_tor-spoke1-srx",
                "id": "00000000-0000-0000-1000-4c6d5832a296",
                "if2_stat": null,
                "if_stat": {
                  "fxp2.0": {
                    "address_mode": "Unknown",
                    "ips": null,
                    "nat_addresses": [
                      "0.0.0.0"
                    ],
                    "network_name": "",
                    "port_id": "fxp2",
                    "port_usage": "",
                    "redundancy_state": null,
                    "rx_bytes": 0,
                    "rx_pkts": 0,
                    "servp_info": null,
                    "tx_bytes": 13584060,
                    "tx_pkts": 377335,
                    "up": true,
                    "vlan": 0,
                    "wan_name": null,
                    "wan_type": null
                  },
                  "ge-0/0/0.0": {
                    "address_mode": "Unknown",
                    "ips": [
                      "192.168.0.37/24"
                    ],
                    "nat_addresses": [
                      "0.0.0.0"
                    ],
                    "network_name": "",
                    "port_id": "ge-0/0/0",
                    "port_usage": "wan",
                    "redundancy_state": null,
                    "rx_bytes": 270199864,
                    "rx_pkts": 2112649,
                    "servp_info": {
                      "asn": null,
                      "city": null,
                      "country_code": null,
                      "latitude": null,
                      "longitude": null,
                      "org": null,
                      "region_code": null
                    },
                    "tx_bytes": 1014369485,
                    "tx_pkts": 2246575,
                    "up": true,
                    "vlan": 0,
                    "wan_name": "",
                    "wan_type": null
                  },
                  "ge-0/0/1.0": {
                    "address_mode": "Unknown",
                    "ips": [
                      "192.168.0.38/24"
                    ],
                    "nat_addresses": [
                      "0.0.0.0"
                    ],
                    "network_name": "",
                    "port_id": "ge-0/0/1",
                    "port_usage": "wan",
                    "redundancy_state": null,
                    "rx_bytes": 142813471,
                    "rx_pkts": 1209814,
                    "servp_info": {
                      "asn": null,
                      "city": null,
                      "country_code": null,
                      "latitude": null,
                      "longitude": null,
                      "org": null,
                      "region_code": null
                    },
                    "tx_bytes": 454986655,
                    "tx_pkts": 764925,
                    "up": true,
                    "vlan": 0,
                    "wan_name": "",
                    "wan_type": null
                  },
                  "ge-0/0/2.0": {
                    "address_mode": "Unknown",
                    "ips": null,
                    "nat_addresses": [],
                    "network_name": "",
                    "port_id": "ge-0/0/2",
                    "port_usage": "lan",
                    "redundancy_state": null,
                    "rx_bytes": 0,
                    "rx_pkts": 0,
                    "servp_info": null,
                    "tx_bytes": 0,
                    "tx_pkts": 0,
                    "up": false,
                    "vlan": 1,
                    "wan_name": null,
                    "wan_type": null
                  },
                  "ge-0/0/3.0": {
                    "address_mode": "Unknown",
                    "ips": null,
                    "nat_addresses": [],
                    "network_name": "",
                    "port_id": "ge-0/0/3",
                    "port_usage": "lan",
                    "redundancy_state": null,
                    "rx_bytes": 0,
                    "rx_pkts": 0,
                    "servp_info": null,
                    "tx_bytes": 0,
                    "tx_pkts": 0,
                    "up": false,
                    "vlan": 1,
                    "wan_name": null,
                    "wan_type": null
                  },
                  "ge-0/0/4.0": {
                    "address_mode": "Unknown",
                    "ips": null,
                    "nat_addresses": [],
                    "network_name": "",
                    "port_id": "ge-0/0/4",
                    "port_usage": "lan",
                    "redundancy_state": null,
                    "rx_bytes": 0,
                    "rx_pkts": 0,
                    "servp_info": null,
                    "tx_bytes": 0,
                    "tx_pkts": 0,
                    "up": false,
                    "vlan": 1,
                    "wan_name": null,
                    "wan_type": null
                  },
                  "ge-0/0/5.0": {
                    "address_mode": "Unknown",
                    "ips": null,
                    "nat_addresses": [],
                    "network_name": "",
                    "port_id": "ge-0/0/5",
                    "port_usage": "lan",
                    "redundancy_state": null,
                    "rx_bytes": 20634935,
                    "rx_pkts": 248044,
                    "servp_info": null,
                    "tx_bytes": 7794082,
                    "tx_pkts": 53644,
                    "up": true,
                    "vlan": 1,
                    "wan_name": null,
                    "wan_type": null
                  },
                  "ge-0/0/6.0": {
                    "address_mode": "Unknown",
                    "ips": null,
                    "nat_addresses": [],
                    "network_name": "",
                    "port_id": "ge-0/0/6",
                    "port_usage": "lan",
                    "redundancy_state": null,
                    "rx_bytes": 0,
                    "rx_pkts": 0,
                    "servp_info": null,
                    "tx_bytes": 0,
                    "tx_pkts": 0,
                    "up": false,
                    "vlan": 1,
                    "wan_name": null,
                    "wan_type": null
                  },
                  "ge-0/0/7.0": {
                    "address_mode": "Unknown",
                    "ips": null,
                    "nat_addresses": [],
                    "network_name": "",
                    "port_id": "ge-0/0/7",
                    "port_usage": "lan",
                    "redundancy_state": null,
                    "rx_bytes": 0,
                    "rx_pkts": 0,
                    "servp_info": null,
                    "tx_bytes": 0,
                    "tx_pkts": 0,
                    "up": false,
                    "vlan": 1,
                    "wan_name": null,
                    "wan_type": null
                  },
                  "irb.0": {
                    "address_mode": "Unknown",
                    "ips": [
                      "10.1.1.1/24"
                    ],
                    "nat_addresses": [
                      "0.0.0.0"
                    ],
                    "network_name": "",
                    "port_id": "irb",
                    "port_usage": "",
                    "redundancy_state": null,
                    "rx_bytes": 351388651,
                    "rx_pkts": 1091100,
                    "servp_info": {
                      "asn": null,
                      "city": null,
                      "country_code": null,
                      "latitude": null,
                      "longitude": null,
                      "org": null,
                      "region_code": null
                    },
                    "tx_bytes": 57286380,
                    "tx_pkts": 691794,
                    "up": true,
                    "vlan": 1,
                    "wan_name": null,
                    "wan_type": null
                  },
                  "irb.10": {
                    "address_mode": "Unknown",
                    "ips": [
                      "10.10.1.1/24"
                    ],
                    "nat_addresses": [
                      "0.0.0.0"
                    ],
                    "network_name": "",
                    "port_id": "irb",
                    "port_usage": "",
                    "redundancy_state": null,
                    "rx_bytes": 2063802,
                    "rx_pkts": 17184,
                    "servp_info": {
                      "asn": null,
                      "city": null,
                      "country_code": null,
                      "latitude": null,
                      "longitude": null,
                      "org": null,
                      "region_code": null
                    },
                    "tx_bytes": 21935890,
                    "tx_pkts": 25323,
                    "up": true,
                    "vlan": 10,
                    "wan_name": null,
                    "wan_type": null
                  },
                  "irb.20": {
                    "address_mode": "Unknown",
                    "ips": [
                      "10.20.1.1/24"
                    ],
                    "nat_addresses": [
                      "0.0.0.0"
                    ],
                    "network_name": "",
                    "port_id": "irb",
                    "port_usage": "",
                    "redundancy_state": null,
                    "rx_bytes": 606318,
                    "rx_pkts": 4766,
                    "servp_info": {
                      "asn": null,
                      "city": null,
                      "country_code": null,
                      "latitude": null,
                      "longitude": null,
                      "org": null,
                      "region_code": null
                    },
                    "tx_bytes": 7956828,
                    "tx_pkts": 8747,
                    "up": true,
                    "vlan": 20,
                    "wan_name": null,
                    "wan_type": null
                  },
                  "irb.30": {
                    "address_mode": "Unknown",
                    "ips": [
                      "10.30.1.1/24"
                    ],
                    "nat_addresses": [
                      "0.0.0.0"
                    ],
                    "network_name": "",
                    "port_id": "irb",
                    "port_usage": "",
                    "redundancy_state": null,
                    "rx_bytes": 3827865,
                    "rx_pkts": 39570,
                    "servp_info": {
                      "asn": null,
                      "city": null,
                      "country_code": null,
                      "latitude": null,
                      "longitude": null,
                      "org": null,
                      "region_code": null
                    },
                    "tx_bytes": 10743905,
                    "tx_pkts": 37987,
                    "up": true,
                    "vlan": 30,
                    "wan_name": null,
                    "wan_type": null
                  },
                  "irb.40": {
                    "address_mode": "Unknown",
                    "ips": [
                      "10.40.1.1/24"
                    ],
                    "nat_addresses": [
                      "0.0.0.0"
                    ],
                    "network_name": "",
                    "port_id": "irb",
                    "port_usage": "",
                    "redundancy_state": null,
                    "rx_bytes": 865246,
                    "rx_pkts": 4482,
                    "servp_info": {
                      "asn": null,
                      "city": null,
                      "country_code": null,
                      "latitude": null,
                      "longitude": null,
                      "org": null,
                      "region_code": null
                    },
                    "tx_bytes": 8212895,
                    "tx_pkts": 9126,
                    "up": true,
                    "vlan": 40,
                    "wan_name": null,
                    "wan_type": null
                  },
                  "lo0.0": {
                    "address_mode": "Unknown",
                    "ips": [
                      "100.100.0.14/0"
                    ],
                    "nat_addresses": [
                      "0.0.0.0"
                    ],
                    "network_name": "",
                    "port_id": "lo0",
                    "port_usage": "",
                    "redundancy_state": null,
                    "rx_bytes": 5933244,
                    "rx_pkts": 28420,
                    "servp_info": {
                      "asn": null,
                      "city": null,
                      "country_code": null,
                      "latitude": null,
                      "longitude": null,
                      "org": null,
                      "region_code": null
                    },
                    "tx_bytes": 5933244,
                    "tx_pkts": 28420,
                    "up": true,
                    "vlan": 0,
                    "wan_name": null,
                    "wan_type": null
                  },
                  "lo0.16384": {
                    "address_mode": "Unknown",
                    "ips": [
                      "127.0.0.1/0"
                    ],
                    "nat_addresses": [
                      "0.0.0.0"
                    ],
                    "network_name": "",
                    "port_id": "lo0",
                    "port_usage": "",
                    "redundancy_state": null,
                    "rx_bytes": 76523418,
                    "rx_pkts": 100770,
                    "servp_info": {
                      "asn": null,
                      "city": null,
                      "country_code": null,
                      "latitude": null,
                      "longitude": null,
                      "org": null,
                      "region_code": null
                    },
                    "tx_bytes": 76523418,
                    "tx_pkts": 100770,
                    "up": true,
                    "vlan": 0,
                    "wan_name": null,
                    "wan_type": null
                  },
                  "lo0.16385": {
                    "address_mode": "Unknown",
                    "ips": [
                      "10.0.0.1/0",
                      "10.0.0.16/0",
                      "128.0.0.4/0",
                      "128.0.1.16/0"
                    ],
                    "nat_addresses": [
                      "0.0.0.0",
                      "0.0.0.0",
                      "0.0.0.0",
                      "0.0.0.0",
                      "0.0.0.0"
                    ],
                    "network_name": "",
                    "port_id": "lo0",
                    "port_usage": "",
                    "redundancy_state": null,
                    "rx_bytes": 324311833,
                    "rx_pkts": 6928888,
                    "servp_info": {
                      "asn": null,
                      "city": null,
                      "country_code": null,
                      "latitude": null,
                      "longitude": null,
                      "org": null,
                      "region_code": null
                    },
                    "tx_bytes": 324311833,
                    "tx_pkts": 6928888,
                    "up": true,
                    "vlan": 0,
                    "wan_name": null,
                    "wan_type": null
                  },
                  "lo0.3": {
                    "address_mode": "Unknown",
                    "ips": [
                      "100.101.0.14/0"
                    ],
                    "nat_addresses": [
                      "0.0.0.0"
                    ],
                    "network_name": "",
                    "port_id": "lo0",
                    "port_usage": "",
                    "redundancy_state": null,
                    "rx_bytes": 0,
                    "rx_pkts": 0,
                    "servp_info": {
                      "asn": null,
                      "city": null,
                      "country_code": null,
                      "latitude": null,
                      "longitude": null,
                      "org": null,
                      "region_code": null
                    },
                    "tx_bytes": 0,
                    "tx_pkts": 0,
                    "up": true,
                    "vlan": 0,
                    "wan_name": null,
                    "wan_type": null
                  },
                  "lo0.32768": {
                    "address_mode": "Unknown",
                    "ips": null,
                    "nat_addresses": [],
                    "network_name": "",
                    "port_id": "lo0",
                    "port_usage": "",
                    "redundancy_state": null,
                    "rx_bytes": 0,
                    "rx_pkts": 0,
                    "servp_info": null,
                    "tx_bytes": 0,
                    "tx_pkts": 0,
                    "up": true,
                    "vlan": 0,
                    "wan_name": null,
                    "wan_type": null
                  }
                },
                "ip": "192.168.0.37",
                "ip2_stat": null,
                "ip_stat": {
                  "dhcp_server": null,
                  "dns": null,
                  "dns_suffix": null,
                  "gateway": "192.168.0.1",
                  "gateway6": null,
                  "ip": "192.168.0.37",
                  "ip6": null,
                  "ips": {
                    "vlan1": "192.168.0.37,192.168.0.37"
                  },
                  "netmask": "255.255.255.255",
                  "netmask6": null
                },
                "is_ha": null,
                "last_seen": 1720865350,
                "mac": "4c6d5832a296",
                "map_id": null,
                "memory2_stat": null,
                "memory_stat": {
                  "usage": 37
                },
                "model": "SRX320",
                "modified_time": 1719240930,
                "module2_stat": null,
                "module_stat": [
                  {
                    "backup_version": "22.2R3-S2.8",
                    "bios_version": "",
                    "cpld_version": "",
                    "errors": null,
                    "fans": [
                      {
                        "airflow": "in",
                        "name": "SRX320 Chassis fan 0",
                        "status": "ok"
                      },
                      {
                        "airflow": "in",
                        "name": "SRX320 Chassis fan 1",
                        "status": "ok"
                      }
                    ],
                    "fpga_version": "",
                    "last_seen": 1720865240,
                    "model": "SRX320",
                    "optics_cpld_version": "",
                    "pending_version": "",
                    "pics": null,
                    "poe": {
                      "max_power": null,
                      "power_draw": null
                    },
                    "poe_version": "",
                    "power_cpld_version": "",
                    "psus": [
                      {
                        "name": "Power Supply 0",
                        "status": "ok"
                      }
                    ],
                    "re_fpga_version": "",
                    "recovery_version": "22.2R3-S2.8",
                    "serial": "CW3920AN0190",
                    "status": "connected",
                    "temperatures": [
                      {
                        "celsius": 41,
                        "name": "Routing Engine",
                        "status": "ok"
                      },
                      {
                        "celsius": 66,
                        "name": "Routing Engine CPU",
                        "status": "ok"
                      }
                    ],
                    "tmc_fpga_version": "",
                    "uboot_version": "",
                    "uptime": 0,
                    "vc_links": null,
                    "vc_mode": "",
                    "vc_role": "",
                    "vc_state": "",
                    "version": "21.2R3-S7.7"
                  }
                ],
                "name": "wan_srx_tor-spoke1-srx",
                "node_name": null,
                "org_id": "9777c1a0-6ef6-11e6-8bbf-02e208b2d34f",
                "route_summary_stats": {
                  "fib_routes": 0,
                  "max_unicast_routes_supported": 1240000,
                  "rib_routes": 0,
                  "total_routes": 0
                },
                "router_name": null,
                "serial": "CW3920AN0190",
                "service2_stat": null,
                "service_stat": {},
                "service_status": {
                  "appid_install_result": "failed",
                  "appid_install_timestamp": "2023-12-24T14:41:46.495985914Z",
                  "appid_status": "enabled",
                  "appid_version": 3722,
                  "ewf_status": "disabled",
                  "idp_install_result": "successful",
                  "idp_install_timestamp": "2024-07-13T06:11:42.289357671Z",
                  "idp_policy": "idp-policy-unified",
                  "idp_status": "enabled",
                  "idp_update_timestamp": "2024-07-13T06:11:22.289357671Z"
                },
                "site_id": "81e8deb4-b005-404e-8b07-b352b7686101",
                "spu2_stat": null,
                "spu_stat": [
                  {
                    "spu_cpu": 0,
                    "spu_current_session": 47,
                    "spu_max_session": 32768,
                    "spu_memory": 34,
                    "spu_pending_session": 0,
                    "spu_valid_session": 0
                  }
                ],
                "status": "connected",
                "uptime": 377650,
                "version": "21.2R3-S7.7"
              },
              {
                "ap_redundancy": null,
                "arp_table_stats": {
                  "arp_table_count": 21,
                  "max_entries_supported": 64000
                },
                "cert_expiry": 1743292763,
                "cluster_config": {
                  "configuration": "active-active",
                  "control_link_info": {
                    "name": "fxp1",
                    "status": "Up"
                  },
                  "ethernet_connection": [
                    {
                      "name": "reth0",
                      "status": "Up"
                    },
                    {
                      "name": "reth1",
                      "status": "Up"
                    },
                    {
                      "name": "reth2",
                      "status": "Down"
                    },
                    {
                      "name": "reth3",
                      "status": "Down"
                    },
                    {
                      "name": "reth4",
                      "status": "Up"
                    }
                  ],
                  "fabric_link_info": {
                    "data_plane_notified_status": "Up",
                    "interface": [],
                    "internal_status": "Up",
                    "state": "Enabled",
                    "status": "Enabled"
                  },
                  "last_status_change_reason": "No failures",
                  "operational": "active-active",
                  "primary_node_health": "Healthy",
                  "redundancy_group_information": [
                    {
                      "id": 0,
                      "monitoring_failure": "none",
                      "threshold": 255
                    },
                    {
                      "id": 1,
                      "monitoring_failure": "interface-monitoring",
                      "threshold": 0
                    },
                    {
                      "id": 2,
                      "monitoring_failure": "none",
                      "threshold": 255
                    }
                  ],
                  "secondary_node_health": "Not healthy",
                  "status": "Green"
                },
                "cluster_stat": null,
                "conductor_name": null,
                "config_status": "COMMITED",
                "cpu2_stat": {
                  "idle": 84,
                  "interrupt": 0,
                  "load_avg": [
                    0.15,
                    0.14,
                    0.15
                  ],
                  "system": 6,
                  "user": 10
                },
                "cpu_stat": {
                  "idle": 71,
                  "interrupt": 0,
                  "load_avg": [
                    0.35,
                    0.54,
                    0.54
                  ],
                  "system": 13,
                  "user": 17
                },
                "created_time": 1711756611,
                "deviceprofile_id": "ab4c3f87-d0bf-4449-a311-b8e9445e6bb1",
                "dhcpd2_stat": null,
                "dhcpd_stat": {
                  "byod_dc1": {
                    "num_ips": 100,
                    "num_leased": 0
                  },
                  "corp_dc1": {
                    "num_ips": 100,
                    "num_leased": 4
                  },
                  "guest_dc1": {
                    "num_ips": 241,
                    "num_leased": 0
                  },
                  "iot_dc1": {
                    "num_ips": 100,
                    "num_leased": 0
                  },
                  "mgmt_dc1": {
                    "num_ips": 100,
                    "num_leased": 2
                  },
                  "teleworker": {
                    "num_ips": 140,
                    "num_leased": 0
                  }
                },
                "ext_ip": "69.196.157.189",
                "fwupdate": {
                  "progress": 100,
                  "status": "success",
                  "status_id": 3037,
                  "timestamp": 1718392692.580769,
                  "will_retry": false
                },
                "has_pcap": false,
                "hostname": "wan_srx_tor_hub1-srx",
                "id": "00000000-0000-0000-1000-e45d377a0dd2",
                "if2_stat": null,
                "if_stat": {
                  "fxp0.0": {
                    "address_mode": "Unknown",
                    "ips": null,
                    "nat_addresses": [],
                    "network_name": "",
                    "port_id": "fxp0",
                    "port_usage": "",
                    "redundancy_state": null,
                    "rx_bytes": 0,
                    "rx_pkts": 0,
                    "servp_info": null,
                    "tx_bytes": 21995466,
                    "tx_pkts": 80366,
                    "up": true,
                    "vlan": 0,
                    "wan_name": null,
                    "wan_type": null
                  },
                  "fxp1.0": {
                    "address_mode": "Unknown",
                    "ips": [
                      "129.16.0.1/2"
                    ],
                    "nat_addresses": [
                      "0.0.0.0",
                      "0.0.0.0"
                    ],
                    "network_name": "",
                    "port_id": "fxp1",
                    "port_usage": "",
                    "redundancy_state": null,
                    "rx_bytes": 9220660329,
                    "rx_pkts": 118795146,
                    "servp_info": {
                      "asn": null,
                      "city": null,
                      "country_code": null,
                      "latitude": null,
                      "longitude": null,
                      "org": null,
                      "region_code": null
                    },
                    "tx_bytes": 96330602364,
                    "tx_pkts": 171838105,
                    "up": true,
                    "vlan": 0,
                    "wan_name": null,
                    "wan_type": null
                  },
                  "ge-0/0/2.0": {
                    "address_mode": "Unknown",
                    "ips": null,
                    "nat_addresses": [],
                    "network_name": "",
                    "port_id": "ge-0/0/2",
                    "port_usage": "",
                    "redundancy_state": null,
                    "rx_bytes": 281811318,
                    "rx_pkts": 1905793,
                    "servp_info": null,
                    "tx_bytes": 1827272852,
                    "tx_pkts": 7416569,
                    "up": true,
                    "vlan": 0,
                    "wan_name": null,
                    "wan_type": null
                  },
                  "ge-0/0/3.0": {
                    "address_mode": "Unknown",
                    "ips": null,
                    "nat_addresses": [],
                    "network_name": "",
                    "port_id": "ge-0/0/3",
                    "port_usage": "wan",
                    "redundancy_state": null,
                    "rx_bytes": 232173338404,
                    "rx_pkts": 225787408,
                    "servp_info": null,
                    "tx_bytes": 51058726841,
                    "tx_pkts": 154827730,
                    "up": true,
                    "vlan": 0,
                    "wan_name": "",
                    "wan_type": null
                  },
                  "ge-0/0/4.0": {
                    "address_mode": "Unknown",
                    "ips": null,
                    "nat_addresses": [],
                    "network_name": "",
                    "port_id": "ge-0/0/4",
                    "port_usage": "wan",
                    "redundancy_state": null,
                    "rx_bytes": 475206571,
                    "rx_pkts": 2709298,
                    "servp_info": null,
                    "tx_bytes": 108694564,
                    "tx_pkts": 817873,
                    "up": true,
                    "vlan": 0,
                    "wan_name": "",
                    "wan_type": null
                  },
                  "ge-0/0/5.0": {
                    "address_mode": "Unknown",
                    "ips": null,
                    "nat_addresses": [],
                    "network_name": "",
                    "port_id": "ge-0/0/5",
                    "port_usage": "lan",
                    "redundancy_state": null,
                    "rx_bytes": 42133249059,
                    "rx_pkts": 137287438,
                    "servp_info": null,
                    "tx_bytes": 228555849834,
                    "tx_pkts": 209969208,
                    "up": true,
                    "vlan": 0,
                    "wan_name": null,
                    "wan_type": null
                  },
                  "ge-0/0/5.110": {
                    "address_mode": "Unknown",
                    "ips": null,
                    "nat_addresses": [],
                    "network_name": "",
                    "port_id": "ge-0/0/5",
                    "port_usage": "lan",
                    "redundancy_state": null,
                    "rx_bytes": 2804699780,
                    "rx_pkts": 4111292,
                    "servp_info": null,
                    "tx_bytes": 2037272455,
                    "tx_pkts": 3505902,
                    "up": true,
                    "vlan": 0,
                    "wan_name": null,
                    "wan_type": null
                  },
                  "ge-0/0/5.120": {
                    "address_mode": "Unknown",
                    "ips": null,
                    "nat_addresses": [],
                    "network_name": "",
                    "port_id": "ge-0/0/5",
                    "port_usage": "lan",
                    "redundancy_state": null,
                    "rx_bytes": 0,
                    "rx_pkts": 0,
                    "servp_info": null,
                    "tx_bytes": 0,
                    "tx_pkts": 0,
                    "up": true,
                    "vlan": 0,
                    "wan_name": null,
                    "wan_type": null
                  },
                  "ge-0/0/5.130": {
                    "address_mode": "Unknown",
                    "ips": null,
                    "nat_addresses": [],
                    "network_name": "",
                    "port_id": "ge-0/0/5",
                    "port_usage": "lan",
                    "redundancy_state": null,
                    "rx_bytes": 0,
                    "rx_pkts": 0,
                    "servp_info": null,
                    "tx_bytes": 0,
                    "tx_pkts": 0,
                    "up": true,
                    "vlan": 0,
                    "wan_name": null,
                    "wan_type": null
                  },
                  "ge-0/0/5.140": {
                    "address_mode": "Unknown",
                    "ips": null,
                    "nat_addresses": [],
                    "network_name": "",
                    "port_id": "ge-0/0/5",
                    "port_usage": "lan",
                    "redundancy_state": null,
                    "rx_bytes": 0,
                    "rx_pkts": 0,
                    "servp_info": null,
                    "tx_bytes": 0,
                    "tx_pkts": 0,
                    "up": true,
                    "vlan": 0,
                    "wan_name": null,
                    "wan_type": null
                  },
                  "ge-0/0/5.300": {
                    "address_mode": "Unknown",
                    "ips": null,
                    "nat_addresses": [],
                    "network_name": "",
                    "port_id": "ge-0/0/5",
                    "port_usage": "lan",
                    "redundancy_state": null,
                    "rx_bytes": 4248472,
                    "rx_pkts": 40438,
                    "servp_info": null,
                    "tx_bytes": 18273481,
                    "tx_pkts": 46941,
                    "up": true,
                    "vlan": 0,
                    "wan_name": null,
                    "wan_type": null
                  },
                  "ge-0/0/5.32767": {
                    "address_mode": "Unknown",
                    "ips": null,
                    "nat_addresses": [],
                    "network_name": "",
                    "port_id": "ge-0/0/5",
                    "port_usage": "lan",
                    "redundancy_state": null,
                    "rx_bytes": 33911670,
                    "rx_pkts": 79354,
                    "servp_info": null,
                    "tx_bytes": 30473800,
                    "tx_pkts": 79359,
                    "up": true,
                    "vlan": 0,
                    "wan_name": null,
                    "wan_type": null
                  },
                  "ge-1/0/2.0": {
                    "address_mode": "Unknown",
                    "ips": null,
                    "nat_addresses": [],
                    "network_name": "",
                    "port_id": "ge-1/0/2",
                    "port_usage": "",
                    "redundancy_state": null,
                    "rx_bytes": 1668518058,
                    "rx_pkts": 6631304,
                    "servp_info": null,
                    "tx_bytes": 241493646,
                    "tx_pkts": 1698403,
                    "up": true,
                    "vlan": 0,
                    "wan_name": null,
                    "wan_type": null
                  },
                  "ge-1/0/3.0": {
                    "address_mode": "Unknown",
                    "ips": null,
                    "nat_addresses": [],
                    "network_name": "",
                    "port_id": "ge-1/0/3",
                    "port_usage": "wan",
                    "redundancy_state": null,
                    "rx_bytes": 49600066,
                    "rx_pkts": 163311,
                    "servp_info": null,
                    "tx_bytes": 8927542,
                    "tx_pkts": 29858,
                    "up": true,
                    "vlan": 0,
                    "wan_name": "",
                    "wan_type": null
                  },
                  "ge-1/0/4.0": {
                    "address_mode": "Unknown",
                    "ips": null,
                    "nat_addresses": [],
                    "network_name": "",
                    "port_id": "ge-1/0/4",
                    "port_usage": "wan",
                    "redundancy_state": null,
                    "rx_bytes": 0,
                    "rx_pkts": 0,
                    "servp_info": null,
                    "tx_bytes": 0,
                    "tx_pkts": 0,
                    "up": false,
                    "vlan": 0,
                    "wan_name": "",
                    "wan_type": null
                  },
                  "ge-1/0/5.0": {
                    "address_mode": "Unknown",
                    "ips": null,
                    "nat_addresses": [],
                    "network_name": "",
                    "port_id": "ge-1/0/5",
                    "port_usage": "lan",
                    "redundancy_state": null,
                    "rx_bytes": 33178330,
                    "rx_pkts": 514739,
                    "servp_info": null,
                    "tx_bytes": 0,
                    "tx_pkts": 0,
                    "up": true,
                    "vlan": 0,
                    "wan_name": null,
                    "wan_type": null
                  },
                  "ge-1/0/5.110": {
                    "address_mode": "Unknown",
                    "ips": null,
                    "nat_addresses": [],
                    "network_name": "",
                    "port_id": "ge-1/0/5",
                    "port_usage": "lan",
                    "redundancy_state": null,
                    "rx_bytes": 51576,
                    "rx_pkts": 921,
                    "servp_info": null,
                    "tx_bytes": 0,
                    "tx_pkts": 0,
                    "up": true,
                    "vlan": 0,
                    "wan_name": null,
                    "wan_type": null
                  },
                  "ge-1/0/5.120": {
                    "address_mode": "Unknown",
                    "ips": null,
                    "nat_addresses": [],
                    "network_name": "",
                    "port_id": "ge-1/0/5",
                    "port_usage": "lan",
                    "redundancy_state": null,
                    "rx_bytes": 0,
                    "rx_pkts": 0,
                    "servp_info": null,
                    "tx_bytes": 0,
                    "tx_pkts": 0,
                    "up": true,
                    "vlan": 0,
                    "wan_name": null,
                    "wan_type": null
                  },
                  "ge-1/0/5.130": {
                    "address_mode": "Unknown",
                    "ips": null,
                    "nat_addresses": [],
                    "network_name": "",
                    "port_id": "ge-1/0/5",
                    "port_usage": "lan",
                    "redundancy_state": null,
                    "rx_bytes": 0,
                    "rx_pkts": 0,
                    "servp_info": null,
                    "tx_bytes": 0,
                    "tx_pkts": 0,
                    "up": true,
                    "vlan": 0,
                    "wan_name": null,
                    "wan_type": null
                  },
                  "ge-1/0/5.140": {
                    "address_mode": "Unknown",
                    "ips": null,
                    "nat_addresses": [],
                    "network_name": "",
                    "port_id": "ge-1/0/5",
                    "port_usage": "lan",
                    "redundancy_state": null,
                    "rx_bytes": 0,
                    "rx_pkts": 0,
                    "servp_info": null,
                    "tx_bytes": 0,
                    "tx_pkts": 0,
                    "up": true,
                    "vlan": 0,
                    "wan_name": null,
                    "wan_type": null
                  },
                  "ge-1/0/5.300": {
                    "address_mode": "Unknown",
                    "ips": null,
                    "nat_addresses": [],
                    "network_name": "",
                    "port_id": "ge-1/0/5",
                    "port_usage": "lan",
                    "redundancy_state": null,
                    "rx_bytes": 2296,
                    "rx_pkts": 7,
                    "servp_info": null,
                    "tx_bytes": 0,
                    "tx_pkts": 0,
                    "up": true,
                    "vlan": 0,
                    "wan_name": null,
                    "wan_type": null
                  },
                  "ge-1/0/5.32767": {
                    "address_mode": "Unknown",
                    "ips": null,
                    "nat_addresses": [],
                    "network_name": "",
                    "port_id": "ge-1/0/5",
                    "port_usage": "lan",
                    "redundancy_state": null,
                    "rx_bytes": 12831200,
                    "rx_pkts": 29840,
                    "servp_info": null,
                    "tx_bytes": 11461248,
                    "tx_pkts": 29847,
                    "up": true,
                    "vlan": 0,
                    "wan_name": null,
                    "wan_type": null
                  },
                  "lo0.0": {
                    "address_mode": "Unknown",
                    "ips": [
                      "100.100.0.11/0"
                    ],
                    "nat_addresses": [
                      "0.0.0.0"
                    ],
                    "network_name": "",
                    "port_id": "lo0",
                    "port_usage": "",
                    "redundancy_state": null,
                    "rx_bytes": 17402984,
                    "rx_pkts": 82995,
                    "servp_info": {
                      "asn": null,
                      "city": null,
                      "country_code": null,
                      "latitude": null,
                      "longitude": null,
                      "org": null,
                      "region_code": null
                    },
                    "tx_bytes": 17402984,
                    "tx_pkts": 82995,
                    "up": true,
                    "vlan": 0,
                    "wan_name": null,
                    "wan_type": null
                  },
                  "lo0.16384": {
                    "address_mode": "Unknown",
                    "ips": [
                      "127.0.0.1/0"
                    ],
                    "nat_addresses": [
                      "0.0.0.0"
                    ],
                    "network_name": "",
                    "port_id": "lo0",
                    "port_usage": "",
                    "redundancy_state": null,
                    "rx_bytes": 311009968,
                    "rx_pkts": 282109,
                    "servp_info": {
                      "asn": null,
                      "city": null,
                      "country_code": null,
                      "latitude": null,
                      "longitude": null,
                      "org": null,
                      "region_code": null
                    },
                    "tx_bytes": 311009968,
                    "tx_pkts": 282109,
                    "up": true,
                    "vlan": 0,
                    "wan_name": null,
                    "wan_type": null
                  },
                  "lo0.16385": {
                    "address_mode": "Unknown",
                    "ips": [
                      "10.0.0.1/0",
                      "10.0.0.16/0",
                      "128.0.0.4/0",
                      "128.0.1.16/0"
                    ],
                    "nat_addresses": [
                      "0.0.0.0",
                      "0.0.0.0",
                      "0.0.0.0",
                      "0.0.0.0",
                      "0.0.0.0"
                    ],
                    "network_name": "",
                    "port_id": "lo0",
                    "port_usage": "",
                    "redundancy_state": null,
                    "rx_bytes": 1714666907,
                    "rx_pkts": 37030519,
                    "servp_info": {
                      "asn": null,
                      "city": null,
                      "country_code": null,
                      "latitude": null,
                      "longitude": null,
                      "org": null,
                      "region_code": null
                    },
                    "tx_bytes": 1714666907,
                    "tx_pkts": 37030519,
                    "up": true,
                    "vlan": 0,
                    "wan_name": null,
                    "wan_type": null
                  },
                  "lo0.3": {
                    "address_mode": "Unknown",
                    "ips": [
                      "100.101.0.11/0"
                    ],
                    "nat_addresses": [
                      "0.0.0.0"
                    ],
                    "network_name": "",
                    "port_id": "lo0",
                    "port_usage": "",
                    "redundancy_state": null,
                    "rx_bytes": 0,
                    "rx_pkts": 0,
                    "servp_info": {
                      "asn": null,
                      "city": null,
                      "country_code": null,
                      "latitude": null,
                      "longitude": null,
                      "org": null,
                      "region_code": null
                    },
                    "tx_bytes": 0,
                    "tx_pkts": 0,
                    "up": true,
                    "vlan": 0,
                    "wan_name": null,
                    "wan_type": null
                  },
                  "lo0.32768": {
                    "address_mode": "Unknown",
                    "ips": null,
                    "nat_addresses": [],
                    "network_name": "",
                    "port_id": "lo0",
                    "port_usage": "",
                    "redundancy_state": null,
                    "rx_bytes": 0,
                    "rx_pkts": 0,
                    "servp_info": null,
                    "tx_bytes": 0,
                    "tx_pkts": 0,
                    "up": true,
                    "vlan": 0,
                    "wan_name": null,
                    "wan_type": null
                  },
                  "reth0.0": {
                    "address_mode": "Unknown",
                    "ips": [
                      "69.196.157.190/29"
                    ],
                    "nat_addresses": [
                      "0.0.0.0"
                    ],
                    "network_name": "",
                    "port_id": "reth0",
                    "port_usage": "",
                    "redundancy_state": null,
                    "rx_bytes": 0,
                    "rx_pkts": 0,
                    "servp_info": {
                      "asn": null,
                      "city": null,
                      "country_code": null,
                      "latitude": null,
                      "longitude": null,
                      "org": null,
                      "region_code": null
                    },
                    "tx_bytes": 0,
                    "tx_pkts": 0,
                    "up": true,
                    "vlan": 0,
                    "wan_name": null,
                    "wan_type": null
                  },
                  "reth1.0": {
                    "address_mode": "Unknown",
                    "ips": [
                      "192.168.0.20/24"
                    ],
                    "nat_addresses": [
                      "0.0.0.0"
                    ],
                    "network_name": "",
                    "port_id": "reth1",
                    "port_usage": "",
                    "redundancy_state": null,
                    "rx_bytes": 0,
                    "rx_pkts": 0,
                    "servp_info": {
                      "asn": null,
                      "city": null,
                      "country_code": null,
                      "latitude": null,
                      "longitude": null,
                      "org": null,
                      "region_code": null
                    },
                    "tx_bytes": 0,
                    "tx_pkts": 0,
                    "up": true,
                    "vlan": 0,
                    "wan_name": null,
                    "wan_type": null
                  },
                  "reth4.0": {
                    "address_mode": "Unknown",
                    "ips": [
                      "10.0.100.254/24"
                    ],
                    "nat_addresses": [
                      "0.0.0.0"
                    ],
                    "network_name": "",
                    "port_id": "reth4",
                    "port_usage": "",
                    "redundancy_state": null,
                    "rx_bytes": 0,
                    "rx_pkts": 0,
                    "servp_info": {
                      "asn": null,
                      "city": null,
                      "country_code": null,
                      "latitude": null,
                      "longitude": null,
                      "org": null,
                      "region_code": null
                    },
                    "tx_bytes": 0,
                    "tx_pkts": 0,
                    "up": true,
                    "vlan": 0,
                    "wan_name": null,
                    "wan_type": null
                  },
                  "reth4.110": {
                    "address_mode": "Unknown",
                    "ips": [
                      "10.0.110.254/24"
                    ],
                    "nat_addresses": [
                      "0.0.0.0"
                    ],
                    "network_name": "",
                    "port_id": "reth4",
                    "port_usage": "",
                    "redundancy_state": null,
                    "rx_bytes": 0,
                    "rx_pkts": 0,
                    "servp_info": {
                      "asn": null,
                      "city": null,
                      "country_code": null,
                      "latitude": null,
                      "longitude": null,
                      "org": null,
                      "region_code": null
                    },
                    "tx_bytes": 0,
                    "tx_pkts": 0,
                    "up": true,
                    "vlan": 0,
                    "wan_name": null,
                    "wan_type": null
                  },
                  "reth4.120": {
                    "address_mode": "Unknown",
                    "ips": [
                      "10.0.120.254/24"
                    ],
                    "nat_addresses": [
                      "0.0.0.0"
                    ],
                    "network_name": "",
                    "port_id": "reth4",
                    "port_usage": "",
                    "redundancy_state": null,
                    "rx_bytes": 0,
                    "rx_pkts": 0,
                    "servp_info": {
                      "asn": null,
                      "city": null,
                      "country_code": null,
                      "latitude": null,
                      "longitude": null,
                      "org": null,
                      "region_code": null
                    },
                    "tx_bytes": 0,
                    "tx_pkts": 0,
                    "up": true,
                    "vlan": 0,
                    "wan_name": null,
                    "wan_type": null
                  },
                  "reth4.130": {
                    "address_mode": "Unknown",
                    "ips": [
                      "10.0.130.254/24"
                    ],
                    "nat_addresses": [
                      "0.0.0.0"
                    ],
                    "network_name": "",
                    "port_id": "reth4",
                    "port_usage": "",
                    "redundancy_state": null,
                    "rx_bytes": 0,
                    "rx_pkts": 0,
                    "servp_info": {
                      "asn": null,
                      "city": null,
                      "country_code": null,
                      "latitude": null,
                      "longitude": null,
                      "org": null,
                      "region_code": null
                    },
                    "tx_bytes": 0,
                    "tx_pkts": 0,
                    "up": true,
                    "vlan": 0,
                    "wan_name": null,
                    "wan_type": null
                  },
                  "reth4.140": {
                    "address_mode": "Unknown",
                    "ips": [
                      "10.0.140.254/24"
                    ],
                    "nat_addresses": [
                      "0.0.0.0"
                    ],
                    "network_name": "",
                    "port_id": "reth4",
                    "port_usage": "",
                    "redundancy_state": null,
                    "rx_bytes": 0,
                    "rx_pkts": 0,
                    "servp_info": {
                      "asn": null,
                      "city": null,
                      "country_code": null,
                      "latitude": null,
                      "longitude": null,
                      "org": null,
                      "region_code": null
                    },
                    "tx_bytes": 0,
                    "tx_pkts": 0,
                    "up": true,
                    "vlan": 0,
                    "wan_name": null,
                    "wan_type": null
                  },
                  "reth4.300": {
                    "address_mode": "Unknown",
                    "ips": [
                      "172.16.100.254/24"
                    ],
                    "nat_addresses": [
                      "0.0.0.0"
                    ],
                    "network_name": "",
                    "port_id": "reth4",
                    "port_usage": "",
                    "redundancy_state": null,
                    "rx_bytes": 0,
                    "rx_pkts": 0,
                    "servp_info": {
                      "asn": null,
                      "city": null,
                      "country_code": null,
                      "latitude": null,
                      "longitude": null,
                      "org": null,
                      "region_code": null
                    },
                    "tx_bytes": 0,
                    "tx_pkts": 0,
                    "up": true,
                    "vlan": 0,
                    "wan_name": null,
                    "wan_type": null
                  },
                  "reth4.32767": {
                    "address_mode": "Unknown",
                    "ips": null,
                    "nat_addresses": [],
                    "network_name": "",
                    "port_id": "reth4",
                    "port_usage": "",
                    "redundancy_state": null,
                    "rx_bytes": 0,
                    "rx_pkts": 0,
                    "servp_info": null,
                    "tx_bytes": 0,
                    "tx_pkts": 0,
                    "up": true,
                    "vlan": 0,
                    "wan_name": null,
                    "wan_type": null
                  }
                },
                "ip": "69.196.157.190",
                "ip2_stat": null,
                "ip_stat": {
                  "dhcp_server": null,
                  "dns": null,
                  "dns_suffix": null,
                  "gateway": "69.196.157.185",
                  "gateway6": null,
                  "ip": "69.196.157.190",
                  "ip6": null,
                  "ips": {
                    "vlan1": "69.196.157.190,69.196.157.190"
                  },
                  "netmask": "255.255.255.255",
                  "netmask6": null
                },
                "is_ha": true,
                "last_seen": 1720865373,
                "mac": "e45d377a0dd2",
                "map_id": null,
                "memory2_stat": {
                  "usage": 32
                },
                "memory_stat": {
                  "usage": 38
                },
                "model": "SRX300",
                "modified_time": 1720092942,
                "module2_stat": [
                  {
                    "backup_version": "21.2R3-S7.7",
                    "bios_version": "",
                    "cpld_version": "",
                    "errors": null,
                    "fans": [],
                    "fpga_version": "",
                    "last_seen": 1720865295,
                    "model": "SRX300",
                    "optics_cpld_version": "",
                    "pending_version": "",
                    "pics": null,
                    "poe": {
                      "max_power": null,
                      "power_draw": null
                    },
                    "poe_version": "",
                    "power_cpld_version": "",
                    "psus": [
                      {
                        "name": "Power Supply 0",
                        "status": "ok"
                      }
                    ],
                    "re_fpga_version": "",
                    "recovery_version": "21.2R3-S7.7",
                    "serial": "CV2218AF1505",
                    "status": "connected",
                    "temperatures": [
                      {
                        "celsius": 50,
                        "name": "Routing Engine",
                        "status": "ok"
                      },
                      {
                        "celsius": 65,
                        "name": "Routing Engine CPU",
                        "status": "ok"
                      }
                    ],
                    "tmc_fpga_version": "",
                    "uboot_version": "",
                    "uptime": 847852,
                    "vc_links": [
                      {
                        "neighbor_module_idx": 0,
                        "neighbor_port_id": "fxp1",
                        "port_id": "fxp1"
                      }
                    ],
                    "vc_mode": "",
                    "vc_role": "secondary",
                    "vc_state": "active",
                    "version": "21.2R3-S6.11"
                  }
                ],
                "module_stat": [
                  {
                    "backup_version": "21.2R3-S7.7",
                    "bios_version": "",
                    "cpld_version": "",
                    "errors": null,
                    "fans": [],
                    "fpga_version": "",
                    "last_seen": 1720865294.99997,
                    "model": "SRX300",
                    "optics_cpld_version": "",
                    "pending_version": "",
                    "pics": null,
                    "poe": {
                      "max_power": null,
                      "power_draw": null
                    },
                    "poe_version": "",
                    "power_cpld_version": "",
                    "psus": [
                      {
                        "name": "Power Supply 0",
                        "status": "ok"
                      }
                    ],
                    "re_fpga_version": "",
                    "recovery_version": "21.2R3-S7.7",
                    "serial": "CV0219AN0335",
                    "status": "connected",
                    "temperatures": [
                      {
                        "celsius": 50,
                        "name": "Routing Engine",
                        "status": "ok"
                      },
                      {
                        "celsius": 66,
                        "name": "Routing Engine CPU",
                        "status": "ok"
                      }
                    ],
                    "tmc_fpga_version": "",
                    "uboot_version": "",
                    "uptime": 2212082,
                    "vc_links": [
                      {
                        "neighbor_module_idx": 1,
                        "neighbor_port_id": "fxp1",
                        "port_id": "fxp1"
                      }
                    ],
                    "vc_mode": "",
                    "vc_role": "primary",
                    "vc_state": "active",
                    "version": "21.2R3-S6.11"
                  }
                ],
                "name": "wan_srx_tor_hub1-srx",
                "node_name": null,
                "org_id": "9777c1a0-6ef6-11e6-8bbf-02e208b2d34f",
                "route_summary_stats": {
                  "fib_routes": 0,
                  "max_unicast_routes_supported": 1240000,
                  "rib_routes": 0,
                  "total_routes": 0
                },
                "router_name": null,
                "serial": "CV0219AN0335",
                "service2_stat": null,
                "service_stat": {},
                "service_status": {
                  "appid_install_result": "",
                  "appid_install_timestamp": "",
                  "appid_status": "enabled",
                  "appid_version": 3722,
                  "ewf_status": "disabled",
                  "idp_install_result": "successful",
                  "idp_install_timestamp": "2024-07-13T06:29:46.182689433Z",
                  "idp_policy": "",
                  "idp_status": "disabled",
                  "idp_update_timestamp": "2024-07-13T06:28:22.182689433Z"
                },
                "site_id": "83c31971-ad70-4419-ae20-7f2b90748986",
                "spu2_stat": [
                  {
                    "spu_cpu": 0,
                    "spu_current_session": 38,
                    "spu_max_session": 32768,
                    "spu_memory": 31,
                    "spu_pending_session": 0,
                    "spu_valid_session": 0
                  }
                ],
                "spu_stat": [
                  {
                    "spu_cpu": 1,
                    "spu_current_session": 37,
                    "spu_max_session": 32768,
                    "spu_memory": 34,
                    "spu_pending_session": 0,
                    "spu_valid_session": 0
                  }
                ],
                "status": "connected",
                "uptime": 847792,
                "version": "21.2R3-S6.11"
              },
              {
                "ap_redundancy": null,
                "arp_table_stats": {
                  "arp_table_count": 6,
                  "max_entries_supported": 64000
                },
                "cert_expiry": 1750292259,
                "cluster_config": null,
                "cluster_stat": null,
                "conductor_name": null,
                "config_status": "COMMITED",
                "cpu2_stat": null,
                "cpu_stat": {
                  "idle": 70,
                  "interrupt": 0,
                  "load_avg": [
                    0.54,
                    0.65,
                    0.7
                  ],
                  "system": 12,
                  "user": 18
                },
                "created_time": 1718755134,
                "deviceprofile_id": null,
                "dhcpd2_stat": null,
                "dhcpd_stat": {
                  "LD_AP": {
                    "num_ips": 201,
                    "num_leased": 1
                  },
                  "LD_IOT": {
                    "num_ips": 201,
                    "num_leased": 0
                  },
                  "LD_LAN": {
                    "num_ips": 201,
                    "num_leased": 3
                  },
                  "LD_LAN2": {
                    "num_ips": 201,
                    "num_leased": 1
                  },
                  "LD_Security": {
                    "num_ips": 201,
                    "num_leased": 0
                  },
                  "LD_corporate": {
                    "num_ips": 201,
                    "num_leased": 0
                  },
                  "LD_geek": {
                    "num_ips": 201,
                    "num_leased": 0
                  },
                  "LD_geek_ioslated": {
                    "num_ips": 201,
                    "num_leased": 0
                  }
                },
                "ext_ip": "66.129.239.12",
                "fwupdate": null,
                "has_pcap": false,
                "hostname": "fc334262f980",
                "id": "00000000-0000-0000-1000-fc334262f980",
                "if2_stat": null,
                "if_stat": {
                  "fxp2.0": {
                    "address_mode": "Unknown",
                    "ips": null,
                    "nat_addresses": [
                      "0.0.0.0"
                    ],
                    "network_name": "",
                    "port_id": "fxp2",
                    "port_usage": "",
                    "redundancy_state": null,
                    "rx_bytes": 0,
                    "rx_pkts": 0,
                    "servp_info": null,
                    "tx_bytes": 75937068,
                    "tx_pkts": 2109363,
                    "up": true,
                    "vlan": 0,
                    "wan_name": null,
                    "wan_type": null
                  },
                  "ge-0/0/0.0": {
                    "address_mode": "Unknown",
                    "ips": [
                      "10.84.77.128/21"
                    ],
                    "nat_addresses": [
                      "0.0.0.0"
                    ],
                    "network_name": "",
                    "port_id": "ge-0/0/0",
                    "port_usage": "wan",
                    "redundancy_state": null,
                    "rx_bytes": 3446788246,
                    "rx_pkts": 24141000,
                    "servp_info": {
                      "asn": null,
                      "city": null,
                      "country_code": null,
                      "latitude": null,
                      "longitude": null,
                      "org": null,
                      "region_code": null
                    },
                    "tx_bytes": 7415784734,
                    "tx_pkts": 16741864,
                    "up": true,
                    "vlan": 0,
                    "wan_name": "",
                    "wan_type": null
                  },
                  "ge-0/0/1.0": {
                    "address_mode": "Unknown",
                    "ips": null,
                    "nat_addresses": [],
                    "network_name": "",
                    "port_id": "ge-0/0/1",
                    "port_usage": "lan",
                    "redundancy_state": null,
                    "rx_bytes": 22855158,
                    "rx_pkts": 51986,
                    "servp_info": null,
                    "tx_bytes": 59744410,
                    "tx_pkts": 240398,
                    "up": true,
                    "vlan": 0,
                    "wan_name": null,
                    "wan_type": null
                  },
                  "ge-0/0/2.0": {
                    "address_mode": "Unknown",
                    "ips": null,
                    "nat_addresses": [],
                    "network_name": "",
                    "port_id": "ge-0/0/2",
                    "port_usage": "lan",
                    "redundancy_state": null,
                    "rx_bytes": 23177760,
                    "rx_pkts": 54556,
                    "servp_info": null,
                    "tx_bytes": 21494041,
                    "tx_pkts": 67051,
                    "up": true,
                    "vlan": 0,
                    "wan_name": null,
                    "wan_type": null
                  },
                  "ge-0/0/3.0": {
                    "address_mode": "Unknown",
                    "ips": null,
                    "nat_addresses": [],
                    "network_name": "",
                    "port_id": "ge-0/0/3",
                    "port_usage": "lan",
                    "redundancy_state": null,
                    "rx_bytes": 0,
                    "rx_pkts": 0,
                    "servp_info": null,
                    "tx_bytes": 0,
                    "tx_pkts": 0,
                    "up": false,
                    "vlan": 3006,
                    "wan_name": null,
                    "wan_type": null
                  },
                  "ge-0/0/4.0": {
                    "address_mode": "Unknown",
                    "ips": null,
                    "nat_addresses": [],
                    "network_name": "",
                    "port_id": "ge-0/0/4",
                    "port_usage": "lan",
                    "redundancy_state": null,
                    "rx_bytes": 0,
                    "rx_pkts": 0,
                    "servp_info": null,
                    "tx_bytes": 0,
                    "tx_pkts": 0,
                    "up": false,
                    "vlan": 3006,
                    "wan_name": null,
                    "wan_type": null
                  },
                  "ge-0/0/5.0": {
                    "address_mode": "Unknown",
                    "ips": null,
                    "nat_addresses": [],
                    "network_name": "",
                    "port_id": "ge-0/0/5",
                    "port_usage": "lan",
                    "redundancy_state": null,
                    "rx_bytes": 0,
                    "rx_pkts": 0,
                    "servp_info": null,
                    "tx_bytes": 0,
                    "tx_pkts": 0,
                    "up": false,
                    "vlan": 3006,
                    "wan_name": null,
                    "wan_type": null
                  },
                  "ge-0/0/6.0": {
                    "address_mode": "Unknown",
                    "ips": null,
                    "nat_addresses": [],
                    "network_name": "",
                    "port_id": "ge-0/0/6",
                    "port_usage": "lan",
                    "redundancy_state": null,
                    "rx_bytes": 0,
                    "rx_pkts": 0,
                    "servp_info": null,
                    "tx_bytes": 0,
                    "tx_pkts": 0,
                    "up": false,
                    "vlan": 3006,
                    "wan_name": null,
                    "wan_type": null
                  },
                  "ge-0/0/7.0": {
                    "address_mode": "Unknown",
                    "ips": null,
                    "nat_addresses": [],
                    "network_name": "",
                    "port_id": "ge-0/0/7",
                    "port_usage": "wan",
                    "redundancy_state": null,
                    "rx_bytes": 0,
                    "rx_pkts": 0,
                    "servp_info": null,
                    "tx_bytes": 0,
                    "tx_pkts": 0,
                    "up": false,
                    "vlan": 0,
                    "wan_name": "",
                    "wan_type": null
                  },
                  "irb.0": {
                    "address_mode": "Unknown",
                    "ips": [
                      "10.10.10.1/24"
                    ],
                    "nat_addresses": [
                      "0.0.0.0"
                    ],
                    "network_name": "",
                    "port_id": "irb",
                    "port_usage": "",
                    "redundancy_state": null,
                    "rx_bytes": 907124148,
                    "rx_pkts": 1484528,
                    "servp_info": {
                      "asn": null,
                      "city": null,
                      "country_code": null,
                      "latitude": null,
                      "longitude": null,
                      "org": null,
                      "region_code": null
                    },
                    "tx_bytes": 140205225,
                    "tx_pkts": 1141292,
                    "up": true,
                    "vlan": 1,
                    "wan_name": null,
                    "wan_type": null
                  },
                  "irb.100": {
                    "address_mode": "Unknown",
                    "ips": [
                      "10.10.100.1/24"
                    ],
                    "nat_addresses": [
                      "0.0.0.0"
                    ],
                    "network_name": "",
                    "port_id": "irb",
                    "port_usage": "",
                    "redundancy_state": null,
                    "rx_bytes": 880602544,
                    "rx_pkts": 2292909,
                    "servp_info": {
                      "asn": null,
                      "city": null,
                      "country_code": null,
                      "latitude": null,
                      "longitude": null,
                      "org": null,
                      "region_code": null
                    },
                    "tx_bytes": 392825969,
                    "tx_pkts": 1484475,
                    "up": true,
                    "vlan": 100,
                    "wan_name": null,
                    "wan_type": null
                  },
                  "irb.20": {
                    "address_mode": "Unknown",
                    "ips": [
                      "10.10.20.1/24"
                    ],
                    "nat_addresses": [
                      "0.0.0.0"
                    ],
                    "network_name": "",
                    "port_id": "irb",
                    "port_usage": "",
                    "redundancy_state": null,
                    "rx_bytes": 0,
                    "rx_pkts": 0,
                    "servp_info": {
                      "asn": null,
                      "city": null,
                      "country_code": null,
                      "latitude": null,
                      "longitude": null,
                      "org": null,
                      "region_code": null
                    },
                    "tx_bytes": 0,
                    "tx_pkts": 0,
                    "up": true,
                    "vlan": 20,
                    "wan_name": null,
                    "wan_type": null
                  },
                  "irb.30": {
                    "address_mode": "Unknown",
                    "ips": [
                      "10.10.30.1/24"
                    ],
                    "nat_addresses": [
                      "0.0.0.0"
                    ],
                    "network_name": "",
                    "port_id": "irb",
                    "port_usage": "",
                    "redundancy_state": null,
                    "rx_bytes": 0,
                    "rx_pkts": 0,
                    "servp_info": {
                      "asn": null,
                      "city": null,
                      "country_code": null,
                      "latitude": null,
                      "longitude": null,
                      "org": null,
                      "region_code": null
                    },
                    "tx_bytes": 0,
                    "tx_pkts": 0,
                    "up": true,
                    "vlan": 30,
                    "wan_name": null,
                    "wan_type": null
                  },
                  "irb.3006": {
                    "address_mode": "Unknown",
                    "ips": [
                      "10.10.36.1/24"
                    ],
                    "nat_addresses": [
                      "0.0.0.0"
                    ],
                    "network_name": "",
                    "port_id": "irb",
                    "port_usage": "",
                    "redundancy_state": null,
                    "rx_bytes": 0,
                    "rx_pkts": 0,
                    "servp_info": {
                      "asn": null,
                      "city": null,
                      "country_code": null,
                      "latitude": null,
                      "longitude": null,
                      "org": null,
                      "region_code": null
                    },
                    "tx_bytes": 0,
                    "tx_pkts": 0,
                    "up": true,
                    "vlan": 3006,
                    "wan_name": null,
                    "wan_type": null
                  },
                  "irb.40": {
                    "address_mode": "Unknown",
                    "ips": [
                      "10.10.40.1/24"
                    ],
                    "nat_addresses": [
                      "0.0.0.0"
                    ],
                    "network_name": "",
                    "port_id": "irb",
                    "port_usage": "",
                    "redundancy_state": null,
                    "rx_bytes": 252654172,
                    "rx_pkts": 1275537,
                    "servp_info": {
                      "asn": null,
                      "city": null,
                      "country_code": null,
                      "latitude": null,
                      "longitude": null,
                      "org": null,
                      "region_code": null
                    },
                    "tx_bytes": 40341046,
                    "tx_pkts": 54937,
                    "up": true,
                    "vlan": 40,
                    "wan_name": null,
                    "wan_type": null
                  },
                  "irb.50": {
                    "address_mode": "Unknown",
                    "ips": [
                      "10.10.50.1/24"
                    ],
                    "nat_addresses": [
                      "0.0.0.0"
                    ],
                    "network_name": "",
                    "port_id": "irb",
                    "port_usage": "",
                    "redundancy_state": null,
                    "rx_bytes": 49857317,
                    "rx_pkts": 188758,
                    "servp_info": {
                      "asn": null,
                      "city": null,
                      "country_code": null,
                      "latitude": null,
                      "longitude": null,
                      "org": null,
                      "region_code": null
                    },
                    "tx_bytes": 8000500,
                    "tx_pkts": 134676,
                    "up": true,
                    "vlan": 50,
                    "wan_name": null,
                    "wan_type": null
                  },
                  "irb.6": {
                    "address_mode": "Unknown",
                    "ips": [
                      "10.10.6.1/24"
                    ],
                    "nat_addresses": [
                      "0.0.0.0"
                    ],
                    "network_name": "",
                    "port_id": "irb",
                    "port_usage": "",
                    "redundancy_state": null,
                    "rx_bytes": 0,
                    "rx_pkts": 0,
                    "servp_info": {
                      "asn": null,
                      "city": null,
                      "country_code": null,
                      "latitude": null,
                      "longitude": null,
                      "org": null,
                      "region_code": null
                    },
                    "tx_bytes": 0,
                    "tx_pkts": 0,
                    "up": true,
                    "vlan": 6,
                    "wan_name": null,
                    "wan_type": null
                  },
                  "lo0.0": {
                    "address_mode": "Unknown",
                    "ips": [
                      "100.100.0.7/0"
                    ],
                    "nat_addresses": [
                      "0.0.0.0"
                    ],
                    "network_name": "",
                    "port_id": "lo0",
                    "port_usage": "",
                    "redundancy_state": null,
                    "rx_bytes": 34856200,
                    "rx_pkts": 163940,
                    "servp_info": {
                      "asn": null,
                      "city": null,
                      "country_code": null,
                      "latitude": null,
                      "longitude": null,
                      "org": null,
                      "region_code": null
                    },
                    "tx_bytes": 34856200,
                    "tx_pkts": 163940,
                    "up": true,
                    "vlan": 0,
                    "wan_name": null,
                    "wan_type": null
                  },
                  "lo0.16384": {
                    "address_mode": "Unknown",
                    "ips": [
                      "127.0.0.1/0"
                    ],
                    "nat_addresses": [
                      "0.0.0.0"
                    ],
                    "network_name": "",
                    "port_id": "lo0",
                    "port_usage": "",
                    "redundancy_state": null,
                    "rx_bytes": 84473992,
                    "rx_pkts": 255856,
                    "servp_info": {
                      "asn": null,
                      "city": null,
                      "country_code": null,
                      "latitude": null,
                      "longitude": null,
                      "org": null,
                      "region_code": null
                    },
                    "tx_bytes": 84473992,
                    "tx_pkts": 255856,
                    "up": true,
                    "vlan": 0,
                    "wan_name": null,
                    "wan_type": null
                  },
                  "lo0.16385": {
                    "address_mode": "Unknown",
                    "ips": [
                      "10.0.0.1/0",
                      "10.0.0.16/0",
                      "128.0.0.4/0",
                      "128.0.1.16/0"
                    ],
                    "nat_addresses": [
                      "0.0.0.0",
                      "0.0.0.0",
                      "0.0.0.0",
                      "0.0.0.0",
                      "0.0.0.0"
                    ],
                    "network_name": "",
                    "port_id": "lo0",
                    "port_usage": "",
                    "redundancy_state": null,
                    "rx_bytes": 1661791874,
                    "rx_pkts": 35869207,
                    "servp_info": {
                      "asn": null,
                      "city": null,
                      "country_code": null,
                      "latitude": null,
                      "longitude": null,
                      "org": null,
                      "region_code": null
                    },
                    "tx_bytes": 1661791874,
                    "tx_pkts": 35869207,
                    "up": true,
                    "vlan": 0,
                    "wan_name": null,
                    "wan_type": null
                  },
                  "lo0.32768": {
                    "address_mode": "Unknown",
                    "ips": null,
                    "nat_addresses": [],
                    "network_name": "",
                    "port_id": "lo0",
                    "port_usage": "",
                    "redundancy_state": null,
                    "rx_bytes": 0,
                    "rx_pkts": 0,
                    "servp_info": null,
                    "tx_bytes": 0,
                    "tx_pkts": 0,
                    "up": true,
                    "vlan": 0,
                    "wan_name": null,
                    "wan_type": null
                  }
                },
                "ip": "10.84.77.128",
                "ip2_stat": null,
                "ip_stat": {
                  "dhcp_server": null,
                  "dns": null,
                  "dns_suffix": null,
                  "gateway": "10.84.72.1",
                  "gateway6": null,
                  "ip": "10.84.77.128",
                  "ip6": null,
                  "ips": {
                    "vlan1": "10.84.77.128,10.84.77.128"
                  },
                  "netmask": "255.255.255.255",
                  "netmask6": null
                },
                "is_ha": null,
                "last_seen": 1720865347,
                "mac": "fc334262f980",
                "map_id": null,
                "memory2_stat": null,
                "memory_stat": {
                  "usage": 36
                },
                "model": "SRX320",
                "modified_time": 1718770506,
                "module2_stat": null,
                "module_stat": [
                  {
                    "backup_version": "21.2R3-S6.11",
                    "bios_version": "",
                    "cpld_version": "",
                    "errors": null,
                    "fans": [
                      {
                        "airflow": "in",
                        "name": "SRX320 Chassis fan 0",
                        "status": "ok"
                      },
                      {
                        "airflow": "in",
                        "name": "SRX320 Chassis fan 1",
                        "status": "ok"
                      }
                    ],
                    "fpga_version": "",
                    "last_seen": 1720865241,
                    "model": "SRX320",
                    "optics_cpld_version": "",
                    "pending_version": "",
                    "pics": null,
                    "poe": {
                      "max_power": null,
                      "power_draw": null
                    },
                    "poe_version": "",
                    "power_cpld_version": "",
                    "psus": [
                      {
                        "name": "Power Supply 0",
                        "status": "ok"
                      }
                    ],
                    "re_fpga_version": "",
                    "recovery_version": "21.2R3-S6.11",
                    "serial": "CW1419AN0800",
                    "status": "connected",
                    "temperatures": [
                      {
                        "celsius": 34,
                        "name": "Routing Engine",
                        "status": "ok"
                      },
                      {
                        "celsius": 54,
                        "name": "Routing Engine CPU",
                        "status": "ok"
                      }
                    ],
                    "tmc_fpga_version": "",
                    "uboot_version": "",
                    "uptime": 0,
                    "vc_links": null,
                    "vc_mode": "",
                    "vc_role": "",
                    "vc_state": "",
                    "version": "21.2R3-S7.7"
                  }
                ],
                "name": "fc334262f980",
                "node_name": null,
                "org_id": "9777c1a0-6ef6-11e6-8bbf-02e208b2d34f",
                "route_summary_stats": {
                  "fib_routes": 0,
                  "max_unicast_routes_supported": 1240000,
                  "rib_routes": 0,
                  "total_routes": 0
                },
                "router_name": null,
                "serial": "CW1419AN0800",
                "service2_stat": null,
                "service_stat": {},
                "service_status": {
                  "appid_install_result": "successful",
                  "appid_install_timestamp": "2024-07-11T09:28:38.351343379Z",
                  "appid_status": "enabled",
                  "appid_version": 3721,
                  "ewf_status": "disabled",
                  "idp_install_result": "",
                  "idp_install_timestamp": "",
                  "idp_policy": "",
                  "idp_status": "disabled",
                  "idp_update_timestamp": ""
                },
                "site_id": "abe3b357-fd9d-4af3-b76b-5ab740942289",
                "spu2_stat": null,
                "spu_stat": [
                  {
                    "spu_cpu": 1,
                    "spu_current_session": 11,
                    "spu_max_session": 65536,
                    "spu_memory": 32,
                    "spu_pending_session": 0,
                    "spu_valid_session": 0
                  }
                ],
                "status": "connected",
                "uptime": 2109950,
                "version": "21.2R3-S7.7"
              },
              {
                "ap_redundancy": null,
                "arp_table_stats": null,
                "cert_expiry": 1748460424,
                "cluster_config": null,
                "cluster_stat": {
                  "state": "running"
                },
                "conductor_name": "9777c1a0-6ef6-11e6-8bbf-02e208b2d34f",
                "config_status": null,
                "cpu2_stat": {
                  "idle": 79,
                  "interrupt": 0,
                  "load_avg": [
                    0,
                    0,
                    0
                  ],
                  "system": 21,
                  "user": 0
                },
                "cpu_stat": {
                  "idle": 77,
                  "interrupt": 0,
                  "load_avg": [
                    0,
                    0,
                    0
                  ],
                  "system": 23,
                  "user": 0
                },
                "created_time": 1716924420,
                "deviceprofile_id": "4dd65e58-c748-410f-9f86-7e284aea9738",
                "dhcpd2_stat": {},
                "dhcpd_stat": {},
                "ext_ip": "66.129.234.224",
                "fwupdate": null,
                "has_pcap": false,
                "hostname": "node0.sdwan-newyork-hub",
                "id": "00000000-0000-0000-1000-0200010a08b2",
                "if2_stat": {
                  "ge-1/0/1": {
                    "address_mode": "Static",
                    "ips": [
                      "22.0.0.3/29"
                    ],
                    "nat_addresses": [],
                    "network_name": "",
                    "port_id": "ge-1/0/1",
                    "port_usage": "wan",
                    "redundancy_state": "none",
                    "rx_bytes": 300292182,
                    "rx_pkts": 3265953,
                    "servp_info": {
                      "asn": null,
                      "city": null,
                      "country_code": null,
                      "latitude": null,
                      "longitude": null,
                      "org": null,
                      "region_code": null
                    },
                    "tx_bytes": 365065938,
                    "tx_pkts": 3985849,
                    "up": true,
                    "vlan": 0,
                    "wan_name": "external2",
                    "wan_type": "broadband"
                  },
                  "ge-1/0/2": {
                    "address_mode": "Static",
                    "ips": [
                      "23.0.0.3/29"
                    ],
                    "nat_addresses": [],
                    "network_name": "",
                    "port_id": "ge-1/0/2",
                    "port_usage": "wan",
                    "redundancy_state": "none",
                    "rx_bytes": 12296286898,
                    "rx_pkts": 45714265,
                    "servp_info": {
                      "asn": "AS20940",
                      "city": "Cambridge",
                      "country_code": "US",
                      "latitude": 42.3647,
                      "longitude": -71.1042,
                      "org": "Akamai International B.V.",
                      "region_code": "MA"
                    },
                    "tx_bytes": 6225773827,
                    "tx_pkts": 45466750,
                    "up": true,
                    "vlan": 0,
                    "wan_name": "broadband2",
                    "wan_type": "broadband"
                  },
                  "ge-1/0/3": {
                    "address_mode": "Static",
                    "ips": [
                      "15.0.0.3/29"
                    ],
                    "nat_addresses": [],
                    "network_name": "",
                    "port_id": "ge-1/0/3",
                    "port_usage": "wan",
                    "redundancy_state": "none",
                    "rx_bytes": 6376556374,
                    "rx_pkts": 19115049,
                    "servp_info": {
                      "asn": null,
                      "city": null,
                      "country_code": null,
                      "latitude": null,
                      "longitude": null,
                      "org": null,
                      "region_code": null
                    },
                    "tx_bytes": 2598155040,
                    "tx_pkts": 15932794,
                    "up": true,
                    "vlan": 0,
                    "wan_name": "mpls2",
                    "wan_type": "broadband"
                  },
                  "ge-1/0/4": {
                    "address_mode": "Static",
                    "ips": [
                      "172.36.128.1/24"
                    ],
                    "nat_addresses": [],
                    "network_name": "mgmt_datacenter1",
                    "port_id": "ge-1/0/4",
                    "port_usage": "lan",
                    "redundancy_state": "none",
                    "rx_bytes": 507770185,
                    "rx_pkts": 4911648,
                    "servp_info": {
                      "asn": null,
                      "city": null,
                      "country_code": null,
                      "latitude": null,
                      "longitude": null,
                      "org": null,
                      "region_code": null
                    },
                    "tx_bytes": 786251545,
                    "tx_pkts": 4432119,
                    "up": true,
                    "vlan": 0,
                    "wan_name": null,
                    "wan_type": null
                  },
                  "ge-1/0/5": {
                    "address_mode": "Static",
                    "ips": [
                      "172.46.128.1/24"
                    ],
                    "nat_addresses": [],
                    "network_name": "corp_datacenter1",
                    "port_id": "ge-1/0/5",
                    "port_usage": "lan",
                    "redundancy_state": "none",
                    "rx_bytes": 507839891,
                    "rx_pkts": 4911021,
                    "servp_info": {
                      "asn": "AS21928",
                      "city": "Chicago",
                      "country_code": "US",
                      "latitude": 41.8874,
                      "longitude": -87.6318,
                      "org": "T-MOBILE-AS21928",
                      "region_code": "IL"
                    },
                    "tx_bytes": 786046116,
                    "tx_pkts": 4426522,
                    "up": true,
                    "vlan": 0,
                    "wan_name": null,
                    "wan_type": null
                  },
                  "ge-1/0/7": {
                    "address_mode": "Static",
                    "ips": [
                      "169.254.253.2/30"
                    ],
                    "nat_addresses": [],
                    "network_name": "HA-Sync",
                    "port_id": "ge-1/0/7",
                    "port_usage": "control",
                    "redundancy_state": "none",
                    "rx_bytes": 152237639270,
                    "rx_pkts": 428386317,
                    "servp_info": {
                      "asn": null,
                      "city": null,
                      "country_code": null,
                      "latitude": null,
                      "longitude": null,
                      "org": null,
                      "region_code": null
                    },
                    "tx_bytes": 159770271714,
                    "tx_pkts": 361685181,
                    "up": true,
                    "vlan": 0,
                    "wan_name": null,
                    "wan_type": null
                  },
                  "ge-1/0/8": {
                    "address_mode": "Static",
                    "ips": [
                      "169.254.252.2/30"
                    ],
                    "nat_addresses": [],
                    "network_name": "HA-Fabric",
                    "port_id": "ge-1/0/8",
                    "port_usage": "control",
                    "redundancy_state": "none",
                    "rx_bytes": 127772385002,
                    "rx_pkts": 45830018,
                    "servp_info": {
                      "asn": null,
                      "city": null,
                      "country_code": null,
                      "latitude": null,
                      "longitude": null,
                      "org": null,
                      "region_code": null
                    },
                    "tx_bytes": 3004167781,
                    "tx_pkts": 20201048,
                    "up": true,
                    "vlan": 0,
                    "wan_name": null,
                    "wan_type": null
                  }
                },
                "if_stat": {
                  "ge-0/0/1": {
                    "address_mode": "Static",
                    "ips": [
                      "22.0.0.2/29"
                    ],
                    "nat_addresses": [
                      "66.129.234.28"
                    ],
                    "network_name": "",
                    "port_id": "ge-0/0/1",
                    "port_usage": "wan",
                    "redundancy_state": "none",
                    "rx_bytes": 2540303651,
                    "rx_pkts": 18306456,
                    "servp_info": {
                      "asn": "AS749",
                      "city": "Whitehall",
                      "country_code": "US",
                      "latitude": 39.975,
                      "longitude": -82.8207,
                      "org": "DNIC-AS-00749",
                      "region_code": "OH"
                    },
                    "tx_bytes": 2696950569,
                    "tx_pkts": 18866046,
                    "up": true,
                    "vlan": 0,
                    "wan_name": "external1",
                    "wan_type": "broadband"
                  },
                  "ge-0/0/2": {
                    "address_mode": "Static",
                    "ips": [
                      "23.0.0.2/29"
                    ],
                    "nat_addresses": [],
                    "network_name": "",
                    "port_id": "ge-0/0/2",
                    "port_usage": "wan",
                    "redundancy_state": "none",
                    "rx_bytes": 102224914117,
                    "rx_pkts": 71359138,
                    "servp_info": {
                      "asn": "AS20940",
                      "city": "Cambridge",
                      "country_code": "US",
                      "latitude": 42.3913,
                      "longitude": -70.9094,
                      "org": "Akamai International B.V.",
                      "region_code": "MA"
                    },
                    "tx_bytes": 9660729020,
                    "tx_pkts": 64153961,
                    "up": true,
                    "vlan": 0,
                    "wan_name": "broadband1",
                    "wan_type": "broadband"
                  },
                  "ge-0/0/3": {
                    "address_mode": "Static",
                    "ips": [
                      "15.0.0.2/29"
                    ],
                    "nat_addresses": [],
                    "network_name": "",
                    "port_id": "ge-0/0/3",
                    "port_usage": "wan",
                    "redundancy_state": "none",
                    "rx_bytes": 60273848849,
                    "rx_pkts": 35683001,
                    "servp_info": {
                      "asn": "AS13979",
                      "city": "Palo Alto",
                      "country_code": "US",
                      "latitude": 37.4433,
                      "longitude": -122.141,
                      "org": "ATT-IPFR",
                      "region_code": "CA"
                    },
                    "tx_bytes": 3419450289,
                    "tx_pkts": 24062046,
                    "up": true,
                    "vlan": 0,
                    "wan_name": "mpls1",
                    "wan_type": "broadband"
                  },
                  "ge-0/0/7": {
                    "address_mode": "Static",
                    "ips": [
                      "169.254.253.1/30"
                    ],
                    "nat_addresses": [],
                    "network_name": "HA-Sync",
                    "port_id": "ge-0/0/7",
                    "port_usage": "control",
                    "redundancy_state": "none",
                    "rx_bytes": 163765100804,
                    "rx_pkts": 413740838,
                    "servp_info": {
                      "asn": null,
                      "city": null,
                      "country_code": null,
                      "latitude": null,
                      "longitude": null,
                      "org": null,
                      "region_code": null
                    },
                    "tx_bytes": 147707497088,
                    "tx_pkts": 379623601,
                    "up": true,
                    "vlan": 0,
                    "wan_name": null,
                    "wan_type": null
                  },
                  "ge-0/0/8": {
                    "address_mode": "Static",
                    "ips": [
                      "169.254.252.1/30"
                    ],
                    "nat_addresses": [],
                    "network_name": "HA-Fabric",
                    "port_id": "ge-0/0/8",
                    "port_usage": "control",
                    "redundancy_state": "none",
                    "rx_bytes": 3554552816,
                    "rx_pkts": 20150528,
                    "servp_info": {
                      "asn": null,
                      "city": null,
                      "country_code": null,
                      "latitude": null,
                      "longitude": null,
                      "org": null,
                      "region_code": null
                    },
                    "tx_bytes": 8432178706,
                    "tx_pkts": 32067287,
                    "up": true,
                    "vlan": 0,
                    "wan_name": null,
                    "wan_type": null
                  }
                },
                "ip": "66.129.234.224",
                "ip2_stat": null,
                "ip_stat": {
                  "dhcp_server": null,
                  "dns": null,
                  "dns_suffix": null,
                  "gateway": "",
                  "gateway6": null,
                  "ip": "",
                  "ip6": null,
                  "ips": {},
                  "netmask": "",
                  "netmask6": null
                },
                "is_ha": true,
                "last_seen": 1720865373,
                "mac": "0200010a08b2",
                "map_id": null,
                "memory2_stat": {
                  "usage": 67
                },
                "memory_stat": {
                  "usage": 66
                },
                "model": "SSR",
                "modified_time": 1720459513,
                "module2_stat": [
                  {
                    "backup_version": null,
                    "bios_version": null,
                    "cpld_version": null,
                    "errors": null,
                    "fans": null,
                    "fpga_version": null,
                    "last_seen": 1720865357,
                    "model": "SSR",
                    "optics_cpld_version": null,
                    "pending_version": null,
                    "pics": null,
                    "poe": null,
                    "poe_version": null,
                    "power_cpld_version": null,
                    "psus": null,
                    "re_fpga_version": null,
                    "recovery_version": null,
                    "serial": "b0698e46bc267a30473ff2db3d2f7a36",
                    "status": "connected",
                    "temperatures": null,
                    "tmc_fpga_version": null,
                    "uboot_version": null,
                    "uptime": 3015548,
                    "vc_links": null,
                    "vc_mode": null,
                    "vc_role": null,
                    "vc_state": null,
                    "version": "6.2.4-14.r2"
                  }
                ],
                "module_stat": [
                  {
                    "backup_version": null,
                    "bios_version": null,
                    "cpld_version": null,
                    "errors": null,
                    "fans": null,
                    "fpga_version": null,
                    "last_seen": 1720865373,
                    "model": "SSR",
                    "optics_cpld_version": null,
                    "pending_version": null,
                    "pics": null,
                    "poe": null,
                    "poe_version": null,
                    "power_cpld_version": null,
                    "psus": null,
                    "re_fpga_version": null,
                    "recovery_version": null,
                    "serial": "03021e81870826ca594079d985b5f2f9",
                    "status": "connected",
                    "temperatures": null,
                    "tmc_fpga_version": null,
                    "uboot_version": null,
                    "uptime": 3015548,
                    "vc_links": null,
                    "vc_mode": null,
                    "vc_role": null,
                    "vc_state": null,
                    "version": "6.2.4-14.r2"
                  }
                ],
                "name": "sdwan-newyork-hub",
                "node_name": "node0",
                "org_id": "9777c1a0-6ef6-11e6-8bbf-02e208b2d34f",
                "route_summary_stats": null,
                "router_name": "sdwan-newyork-hub",
                "serial": "03021e81870826ca594079d985b5f2f9",
                "service2_stat": {
                  "t128agent": {
                    "ash_version": "0.1.8-1",
                    "cia_version": "1.16.6989-1",
                    "ember_version": "1.4.2-3",
                    "ipsec_client_version": "1.1.9-1",
                    "mist_agent_version": "4.16.6989-1",
                    "package_version": "3.7.6-205",
                    "testing_tools_version": "1.0.8-1",
                    "wheeljack_version": "0.2.24-11"
                  }
                },
                "service_stat": {
                  "t128agent": {
                    "ash_version": "0.1.8-1",
                    "cia_version": "1.16.6989-1",
                    "ember_version": "1.4.2-3",
                    "ipsec_client_version": "1.1.9-1",
                    "mist_agent_version": "4.16.6989-1",
                    "package_version": "3.7.6-205",
                    "testing_tools_version": "1.0.8-1",
                    "wheeljack_version": "0.2.24-11"
                  }
                },
                "service_status": {
                  "appid_install_result": "",
                  "appid_install_timestamp": "",
                  "appid_status": "disabled",
                  "appid_version": 0,
                  "ewf_status": "disabled",
                  "idp_install_result": "",
                  "idp_install_timestamp": "",
                  "idp_policy": "",
                  "idp_status": "disabled",
                  "idp_update_timestamp": ""
                },
                "site_id": "e0b86c97-f68c-42f7-b139-c45dd42eb43c",
                "spu2_stat": null,
                "spu_stat": null,
                "status": "connected",
                "uptime": 3015548,
                "version": "6.2.4-14.r2"
              },
              {
                "ap_redundancy": null,
                "arp_table_stats": null,
                "cert_expiry": null,
                "cluster_config": null,
                "cluster_stat": null,
                "conductor_name": "9777c1a0-6ef6-11e6-8bbf-02e208b2d34f",
                "config_status": null,
                "cpu2_stat": null,
                "cpu_stat": {
                  "idle": 28,
                  "interrupt": 0,
                  "load_avg": [
                    0,
                    0,
                    0
                  ],
                  "system": 72,
                  "user": 0
                },
                "created_time": 1718657088,
                "deviceprofile_id": null,
                "dhcpd2_stat": null,
                "dhcpd_stat": {
                  "corp_network": {
                    "num_ips": 199,
                    "num_leased": 5
                  },
                  "guest_network": {
                    "num_ips": 19,
                    "num_leased": 1
                  }
                },
                "ext_ip": "66.129.234.224",
                "fwupdate": null,
                "has_pcap": false,
                "hostname": "node0.sdwan-phoenix",
                "id": "00000000-0000-0000-1000-0200017e52a1",
                "if2_stat": null,
                "if_stat": {
                  "ge-0/0/1": {
                    "address_mode": "Static",
                    "ips": [
                      "192.168.94.1/24"
                    ],
                    "nat_addresses": [],
                    "network_name": "guest_network",
                    "port_id": "ge-0/0/1",
                    "port_usage": "lan",
                    "redundancy_state": "none",
                    "rx_bytes": 841590497,
                    "rx_pkts": 4665127,
                    "servp_info": {
                      "asn": null,
                      "city": null,
                      "country_code": null,
                      "latitude": null,
                      "longitude": null,
                      "org": null,
                      "region_code": null
                    },
                    "tx_bytes": 2474765918,
                    "tx_pkts": 5758806,
                    "up": true,
                    "vlan": 0,
                    "wan_name": null,
                    "wan_type": null
                  },
                  "ge-0/0/2": {
                    "address_mode": "Static",
                    "ips": [
                      "192.168.95.1/24"
                    ],
                    "nat_addresses": [],
                    "network_name": "corp_network",
                    "port_id": "ge-0/0/2",
                    "port_usage": "lan",
                    "redundancy_state": "none",
                    "rx_bytes": 198101547781,
                    "rx_pkts": 42950100,
                    "servp_info": {
                      "asn": null,
                      "city": null,
                      "country_code": null,
                      "latitude": null,
                      "longitude": null,
                      "org": null,
                      "region_code": null
                    },
                    "tx_bytes": 8103758133,
                    "tx_pkts": 17836475,
                    "up": true,
                    "vlan": 0,
                    "wan_name": null,
                    "wan_type": null
                  },
                  "ge-0/0/3": {
                    "address_mode": "Static",
                    "ips": [
                      "13.0.0.2/29"
                    ],
                    "nat_addresses": [],
                    "network_name": "",
                    "port_id": "ge-0/0/3",
                    "port_usage": "wan",
                    "redundancy_state": "none",
                    "rx_bytes": 15207511729,
                    "rx_pkts": 54982126,
                    "servp_info": {
                      "asn": null,
                      "city": "Norwalk",
                      "country_code": "US",
                      "latitude": 41.3089,
                      "longitude": -73.3637,
                      "org": null,
                      "region_code": "CT"
                    },
                    "tx_bytes": 10412972038,
                    "tx_pkts": 56992197,
                    "up": true,
                    "vlan": 0,
                    "wan_name": "wan1-broadband",
                    "wan_type": "broadband"
                  }
                },
                "ip": "66.129.234.224",
                "ip2_stat": null,
                "ip_stat": {
                  "dhcp_server": null,
                  "dns": null,
                  "dns_suffix": null,
                  "gateway": "",
                  "gateway6": null,
                  "ip": "",
                  "ip6": null,
                  "ips": {},
                  "netmask": "",
                  "netmask6": null
                },
                "is_ha": false,
                "last_seen": 1720865346,
                "mac": "0200017e52a1",
                "map_id": null,
                "memory2_stat": null,
                "memory_stat": {
                  "usage": 76
                },
                "model": "SSR",
                "modified_time": 1720718511,
                "module2_stat": null,
                "module_stat": [
                  {
                    "backup_version": null,
                    "bios_version": null,
                    "cpld_version": null,
                    "errors": null,
                    "fans": null,
                    "fpga_version": null,
                    "last_seen": 1720865346,
                    "model": "SSR",
                    "optics_cpld_version": null,
                    "pending_version": null,
                    "pics": null,
                    "poe": null,
                    "poe_version": null,
                    "power_cpld_version": null,
                    "psus": null,
                    "re_fpga_version": null,
                    "recovery_version": null,
                    "serial": "99c2985a805478a79faa34c0f56fba3b",
                    "status": "connected",
                    "temperatures": null,
                    "tmc_fpga_version": null,
                    "uboot_version": null,
                    "uptime": 2208267,
                    "vc_links": null,
                    "vc_mode": null,
                    "vc_role": null,
                    "vc_state": null,
                    "version": "6.2.4-14.r2"
                  }
                ],
                "name": "sdwan-phoenix",
                "node_name": "node0",
                "org_id": "9777c1a0-6ef6-11e6-8bbf-02e208b2d34f",
                "route_summary_stats": null,
                "router_name": "sdwan-phoenix",
                "serial": "99c2985a805478a79faa34c0f56fba3b",
                "service2_stat": null,
                "service_stat": {
                  "t128agent": {
                    "ash_version": "0.1.8-1",
                    "cia_version": "1.16.6989-1",
                    "ember_version": "1.4.2-3",
                    "ipsec_client_version": "1.1.9-1",
                    "mist_agent_version": "4.16.6989-1",
                    "package_version": "3.7.6-205",
                    "testing_tools_version": "1.0.8-1",
                    "wheeljack_version": "0.2.24-11"
                  }
                },
                "service_status": {
                  "appid_install_result": "",
                  "appid_install_timestamp": "",
                  "appid_status": "disabled",
                  "appid_version": 0,
                  "ewf_status": "enabled",
                  "idp_install_result": "",
                  "idp_install_timestamp": "",
                  "idp_policy": "idp-policy-unified",
                  "idp_status": "enabled",
                  "idp_update_timestamp": ""
                },
                "site_id": "46fc665e-9706-4296-8fe2-78f42f2e67e4",
                "spu2_stat": null,
                "spu_stat": null,
                "status": "connected",
                "uptime": 2208267,
                "version": "6.2.4-14.r2"
              },
              {
                "ap_redundancy": null,
                "arp_table_stats": null,
                "cert_expiry": null,
                "cluster_config": null,
                "cluster_stat": null,
                "conductor_name": "9777c1a0-6ef6-11e6-8bbf-02e208b2d34f",
                "config_status": null,
                "cpu2_stat": null,
                "cpu_stat": {
                  "idle": 46,
                  "interrupt": 0,
                  "load_avg": [
                    0,
                    0,
                    0
                  ],
                  "system": 54,
                  "user": 0
                },
                "created_time": 1718803204,
                "deviceprofile_id": null,
                "dhcpd2_stat": null,
                "dhcpd_stat": {
                  "byod": {
                    "num_ips": 100,
                    "num_leased": 0
                  },
                  "corp": {
                    "num_ips": 100,
                    "num_leased": 2
                  },
                  "guest": {
                    "num_ips": 240,
                    "num_leased": 1
                  },
                  "iot": {
                    "num_ips": 110,
                    "num_leased": 3
                  },
                  "mgmt_ssr": {
                    "num_ips": 100,
                    "num_leased": 5
                  }
                },
                "ext_ip": "135.23.128.67",
                "fwupdate": null,
                "has_pcap": false,
                "hostname": "node0.sdwan_richmond_hill_ssr_v0",
                "id": "00000000-0000-0000-1000-90ec7759a516",
                "if2_stat": null,
                "if_stat": {
                  "ge-0/0/0": {
                    "address_mode": "Dynamic",
                    "ips": [
                      "192.168.0.32/24"
                    ],
                    "nat_addresses": [],
                    "network_name": "",
                    "port_id": "ge-0/0/0",
                    "port_usage": "wan",
                    "redundancy_state": "none",
                    "rx_bytes": 7056052229,
                    "rx_pkts": 11837361,
                    "servp_info": {
                      "asn": null,
                      "city": null,
                      "country_code": null,
                      "latitude": null,
                      "longitude": null,
                      "org": null,
                      "region_code": null
                    },
                    "tx_bytes": 3248057083,
                    "tx_pkts": 10632448,
                    "up": true,
                    "vlan": 0,
                    "wan_name": "wan0",
                    "wan_type": "broadband"
                  },
                  "ge-0/0/1": {
                    "address_mode": "Dynamic",
                    "ips": [
                      "192.168.0.31/24"
                    ],
                    "nat_addresses": [],
                    "network_name": "",
                    "port_id": "ge-0/0/1",
                    "port_usage": "wan",
                    "redundancy_state": "none",
                    "rx_bytes": 804286460,
                    "rx_pkts": 3729400,
                    "servp_info": {
                      "asn": null,
                      "city": null,
                      "country_code": null,
                      "latitude": null,
                      "longitude": null,
                      "org": null,
                      "region_code": null
                    },
                    "tx_bytes": 774941379,
                    "tx_pkts": 3967147,
                    "up": true,
                    "vlan": 0,
                    "wan_name": "wan1",
                    "wan_type": "broadband"
                  },
                  "ge-0/0/3": {
                    "address_mode": "Static",
                    "ips": [
                      "10.1.1.1/24"
                    ],
                    "nat_addresses": [],
                    "network_name": "mgmt_ssr",
                    "port_id": "ge-0/0/3",
                    "port_usage": "lan",
                    "redundancy_state": "active",
                    "rx_bytes": 1327424383,
                    "rx_pkts": 2988189,
                    "servp_info": {
                      "asn": null,
                      "city": null,
                      "country_code": null,
                      "latitude": null,
                      "longitude": null,
                      "org": null,
                      "region_code": null
                    },
                    "tx_bytes": 1816541013,
                    "tx_pkts": 3495187,
                    "up": true,
                    "vlan": 0,
                    "wan_name": null,
                    "wan_type": null
                  },
                  "ge-0/0/3.10": {
                    "address_mode": "Static",
                    "ips": [
                      "10.10.1.1/24"
                    ],
                    "nat_addresses": [],
                    "network_name": "corp",
                    "port_id": "ge-0/0/3",
                    "port_usage": "lan",
                    "redundancy_state": "active",
                    "rx_bytes": 466730828,
                    "rx_pkts": 1179455,
                    "servp_info": {
                      "asn": null,
                      "city": null,
                      "country_code": null,
                      "latitude": null,
                      "longitude": null,
                      "org": null,
                      "region_code": null
                    },
                    "tx_bytes": 2532767645,
                    "tx_pkts": 2862677,
                    "up": true,
                    "vlan": 10,
                    "wan_name": null,
                    "wan_type": null
                  },
                  "ge-0/0/3.20": {
                    "address_mode": "Static",
                    "ips": [
                      "10.20.1.1/24"
                    ],
                    "nat_addresses": [],
                    "network_name": "byod",
                    "port_id": "ge-0/0/3",
                    "port_usage": "lan",
                    "redundancy_state": "active",
                    "rx_bytes": 408040,
                    "rx_pkts": 3472,
                    "servp_info": {
                      "asn": null,
                      "city": null,
                      "country_code": null,
                      "latitude": null,
                      "longitude": null,
                      "org": null,
                      "region_code": null
                    },
                    "tx_bytes": 31488585,
                    "tx_pkts": 515251,
                    "up": true,
                    "vlan": 20,
                    "wan_name": null,
                    "wan_type": null
                  },
                  "ge-0/0/3.30": {
                    "address_mode": "Static",
                    "ips": [
                      "10.30.1.1/24"
                    ],
                    "nat_addresses": [],
                    "network_name": "iot",
                    "port_id": "ge-0/0/3",
                    "port_usage": "lan",
                    "redundancy_state": "active",
                    "rx_bytes": 1135493345,
                    "rx_pkts": 3765804,
                    "servp_info": {
                      "asn": null,
                      "city": null,
                      "country_code": null,
                      "latitude": null,
                      "longitude": null,
                      "org": null,
                      "region_code": null
                    },
                    "tx_bytes": 2434194852,
                    "tx_pkts": 4644131,
                    "up": true,
                    "vlan": 30,
                    "wan_name": null,
                    "wan_type": null
                  },
                  "ge-0/0/3.40": {
                    "address_mode": "Static",
                    "ips": [
                      "10.40.1.1/24"
                    ],
                    "nat_addresses": [],
                    "network_name": "guest",
                    "port_id": "ge-0/0/3",
                    "port_usage": "lan",
                    "redundancy_state": "active",
                    "rx_bytes": 1892324,
                    "rx_pkts": 8543,
                    "servp_info": {
                      "asn": null,
                      "city": null,
                      "country_code": null,
                      "latitude": null,
                      "longitude": null,
                      "org": null,
                      "region_code": null
                    },
                    "tx_bytes": 37015915,
                    "tx_pkts": 525086,
                    "up": true,
                    "vlan": 40,
                    "wan_name": null,
                    "wan_type": null
                  }
                },
                "ip": "135.23.128.67",
                "ip2_stat": null,
                "ip_stat": {
                  "dhcp_server": null,
                  "dns": null,
                  "dns_suffix": null,
                  "gateway": "",
                  "gateway6": null,
                  "ip": "",
                  "ip6": null,
                  "ips": {},
                  "netmask": "",
                  "netmask6": null
                },
                "is_ha": false,
                "last_seen": 1720865366,
                "mac": "90ec7759a516",
                "map_id": null,
                "memory2_stat": null,
                "memory_stat": {
                  "usage": 61
                },
                "model": "SSR120",
                "modified_time": 1719432665,
                "module2_stat": null,
                "module_stat": [
                  {
                    "backup_version": null,
                    "bios_version": null,
                    "cpld_version": null,
                    "errors": null,
                    "fans": null,
                    "fpga_version": null,
                    "last_seen": 1720865366,
                    "model": "SSR120",
                    "optics_cpld_version": null,
                    "pending_version": null,
                    "pics": null,
                    "poe": null,
                    "poe_version": null,
                    "power_cpld_version": null,
                    "psus": null,
                    "re_fpga_version": null,
                    "recovery_version": null,
                    "serial": "2004231009",
                    "status": "connected",
                    "temperatures": null,
                    "tmc_fpga_version": null,
                    "uboot_version": null,
                    "uptime": 397859,
                    "vc_links": null,
                    "vc_mode": null,
                    "vc_role": null,
                    "vc_state": null,
                    "version": "6.2.3-14.r2"
                  }
                ],
                "name": "sdwan_richmond_hill_ssr_v0",
                "node_name": "node0",
                "org_id": "9777c1a0-6ef6-11e6-8bbf-02e208b2d34f",
                "route_summary_stats": null,
                "router_name": "sdwan_richmond_hill_ssr_v0",
                "serial": "2004231009",
                "service2_stat": null,
                "service_stat": {
                  "t128agent": {
                    "ash_version": "0.1.8-1",
                    "cia_version": "1.16.6989-1",
                    "ember_version": "1.4.2-3",
                    "ipsec_client_version": "1.1.9-1",
                    "mist_agent_version": "4.16.6989-1",
                    "package_version": "3.7.6-205",
                    "testing_tools_version": "1.0.8-1",
                    "wheeljack_version": "0.2.24-11"
                  }
                },
                "service_status": {
                  "appid_install_result": "",
                  "appid_install_timestamp": "",
                  "appid_status": "disabled",
                  "appid_version": 0,
                  "ewf_status": "disabled",
                  "idp_install_result": "",
                  "idp_install_timestamp": "",
                  "idp_policy": "",
                  "idp_status": "disabled",
                  "idp_update_timestamp": ""
                },
                "site_id": "5d3eb59c-7fd9-4605-abc9-6e70a9290eaf",
                "spu2_stat": null,
                "spu_stat": null,
                "status": "connected",
                "uptime": 397859,
                "version": "6.2.3-14.r2"
              },
              {
                "ap_redundancy": null,
                "arp_table_stats": null,
                "cert_expiry": null,
                "cluster_config": null,
                "cluster_stat": null,
                "conductor_name": "9777c1a0-6ef6-11e6-8bbf-02e208b2d34f",
                "config_status": null,
                "cpu2_stat": null,
                "cpu_stat": {
                  "idle": 68,
                  "interrupt": 0,
                  "load_avg": [
                    0,
                    0,
                    0
                  ],
                  "system": 32,
                  "user": 0
                },
                "created_time": 1716925904,
                "deviceprofile_id": null,
                "dhcpd2_stat": null,
                "dhcpd_stat": {},
                "ext_ip": "66.129.234.224",
                "fwupdate": null,
                "has_pcap": false,
                "hostname": "node0.sdwan-denver",
                "id": "00000000-0000-0000-1000-020001299916",
                "if2_stat": null,
                "if_stat": {
                  "ge-0/0/1": {
                    "address_mode": "Static",
                    "ips": [
                      "192.168.92.1/24"
                    ],
                    "nat_addresses": [],
                    "network_name": "guest_network",
                    "port_id": "ge-0/0/1",
                    "port_usage": "lan",
                    "redundancy_state": "none",
                    "rx_bytes": 527497985,
                    "rx_pkts": 2481089,
                    "servp_info": {
                      "asn": null,
                      "city": null,
                      "country_code": null,
                      "latitude": null,
                      "longitude": null,
                      "org": null,
                      "region_code": null
                    },
                    "tx_bytes": 331070918,
                    "tx_pkts": 1765488,
                    "up": true,
                    "vlan": 0,
                    "wan_name": null,
                    "wan_type": null
                  },
                  "ge-0/0/2": {
                    "address_mode": "Static",
                    "ips": [
                      "14.0.0.2/29"
                    ],
                    "nat_addresses": [],
                    "network_name": "",
                    "port_id": "ge-0/0/2",
                    "port_usage": "wan",
                    "redundancy_state": "none",
                    "rx_bytes": 7233475532,
                    "rx_pkts": 48444169,
                    "servp_info": {
                      "asn": null,
                      "city": null,
                      "country_code": null,
                      "latitude": null,
                      "longitude": null,
                      "org": null,
                      "region_code": null
                    },
                    "tx_bytes": 9223023389,
                    "tx_pkts": 59176278,
                    "up": true,
                    "vlan": 0,
                    "wan_name": "wan1-broadband",
                    "wan_type": "broadband"
                  },
                  "ge-0/0/3": {
                    "address_mode": "Static",
                    "ips": [
                      "15.0.0.1/29"
                    ],
                    "nat_addresses": [],
                    "network_name": "",
                    "port_id": "ge-0/0/3",
                    "port_usage": "wan",
                    "redundancy_state": "none",
                    "rx_bytes": 5627109324,
                    "rx_pkts": 39174972,
                    "servp_info": {
                      "asn": null,
                      "city": null,
                      "country_code": null,
                      "latitude": null,
                      "longitude": null,
                      "org": null,
                      "region_code": null
                    },
                    "tx_bytes": 11301865102,
                    "tx_pkts": 52773286,
                    "up": true,
                    "vlan": 0,
                    "wan_name": "wan2-mpls",
                    "wan_type": "broadband"
                  },
                  "ge-0/0/4": {
                    "address_mode": "Static",
                    "ips": [
                      "25.0.0.2/29"
                    ],
                    "nat_addresses": [],
                    "network_name": "mgmt_network",
                    "port_id": "ge-0/0/4",
                    "port_usage": "lan",
                    "redundancy_state": "none",
                    "rx_bytes": 179865133,
                    "rx_pkts": 1827378,
                    "servp_info": {
                      "asn": null,
                      "city": null,
                      "country_code": null,
                      "latitude": null,
                      "longitude": null,
                      "org": null,
                      "region_code": null
                    },
                    "tx_bytes": 115533009,
                    "tx_pkts": 1252320,
                    "up": true,
                    "vlan": 0,
                    "wan_name": null,
                    "wan_type": null
                  },
                  "ge-0/0/5": {
                    "address_mode": "Static",
                    "ips": [
                      "192.168.93.1/24"
                    ],
                    "nat_addresses": [],
                    "network_name": "corp_network",
                    "port_id": "ge-0/0/5",
                    "port_usage": "lan",
                    "redundancy_state": "none",
                    "rx_bytes": 284080201337,
                    "rx_pkts": 46951421,
                    "servp_info": {
                      "asn": null,
                      "city": null,
                      "country_code": null,
                      "latitude": null,
                      "longitude": null,
                      "org": null,
                      "region_code": null
                    },
                    "tx_bytes": 479310720,
                    "tx_pkts": 5534250,
                    "up": true,
                    "vlan": 0,
                    "wan_name": null,
                    "wan_type": null
                  }
                },
                "ip": "66.129.234.224",
                "ip2_stat": null,
                "ip_stat": {
                  "dhcp_server": null,
                  "dns": null,
                  "dns_suffix": null,
                  "gateway": "",
                  "gateway6": null,
                  "ip": "",
                  "ip6": null,
                  "ips": {},
                  "netmask": "",
                  "netmask6": null
                },
                "is_ha": false,
                "last_seen": 1720865357,
                "mac": "020001299916",
                "map_id": null,
                "memory2_stat": null,
                "memory_stat": {
                  "usage": 64
                },
                "model": "SSR",
                "modified_time": 1717019039,
                "module2_stat": null,
                "module_stat": [
                  {
                    "backup_version": null,
                    "bios_version": null,
                    "cpld_version": null,
                    "errors": null,
                    "fans": null,
                    "fpga_version": null,
                    "last_seen": 1720865357,
                    "model": "SSR",
                    "optics_cpld_version": null,
                    "pending_version": null,
                    "pics": null,
                    "poe": null,
                    "poe_version": null,
                    "power_cpld_version": null,
                    "psus": null,
                    "re_fpga_version": null,
                    "recovery_version": null,
                    "serial": "bd9de350ad4a7afa2a3538b68f86ebcd",
                    "status": "connected",
                    "temperatures": null,
                    "tmc_fpga_version": null,
                    "uboot_version": null,
                    "uptime": 3939311,
                    "vc_links": null,
                    "vc_mode": null,
                    "vc_role": null,
                    "vc_state": null,
                    "version": "6.2.4-14.r2"
                  }
                ],
                "name": "sdwan-denver",
                "node_name": "node0",
                "org_id": "9777c1a0-6ef6-11e6-8bbf-02e208b2d34f",
                "route_summary_stats": null,
                "router_name": "sdwan-denver",
                "serial": "bd9de350ad4a7afa2a3538b68f86ebcd",
                "service2_stat": null,
                "service_stat": {
                  "t128agent": {
                    "ash_version": "0.1.8-1",
                    "cia_version": "1.16.6989-1",
                    "ember_version": "1.4.2-3",
                    "ipsec_client_version": "1.1.9-1",
                    "mist_agent_version": "4.16.6989-1",
                    "package_version": "3.7.6-205",
                    "testing_tools_version": "1.0.8-1",
                    "wheeljack_version": "0.2.24-11"
                  }
                },
                "service_status": {
                  "appid_install_result": "",
                  "appid_install_timestamp": "",
                  "appid_status": "disabled",
                  "appid_version": 0,
                  "ewf_status": "enabled",
                  "idp_install_result": "",
                  "idp_install_timestamp": "",
                  "idp_policy": "",
                  "idp_status": "disabled",
                  "idp_update_timestamp": ""
                },
                "site_id": "40fe68a7-2174-4236-ad90-9bcf09e65658",
                "spu2_stat": null,
                "spu_stat": null,
                "status": "connected",
                "uptime": 3939311,
                "version": "6.2.4-14.r2"
              },
              {
                "ap_redundancy": null,
                "arp_table_stats": null,
                "cert_expiry": null,
                "cluster_config": null,
                "cluster_stat": null,
                "conductor_name": "9777c1a0-6ef6-11e6-8bbf-02e208b2d34f",
                "config_status": null,
                "cpu2_stat": null,
                "cpu_stat": {
                  "idle": 77,
                  "interrupt": 0,
                  "load_avg": [
                    0,
                    0,
                    0
                  ],
                  "system": 23,
                  "user": 0
                },
                "created_time": 1716926139,
                "deviceprofile_id": null,
                "dhcpd2_stat": null,
                "dhcpd_stat": {},
                "ext_ip": "66.129.234.224",
                "fwupdate": null,
                "has_pcap": false,
                "hostname": "node0.sdwan-atlanta",
                "id": "00000000-0000-0000-1000-020001daefa9",
                "if2_stat": null,
                "if_stat": {
                  "ge-0/0/1": {
                    "address_mode": "Static",
                    "ips": [
                      "192.168.90.1/24"
                    ],
                    "nat_addresses": [],
                    "network_name": "corp_network",
                    "port_id": "ge-0/0/1",
                    "port_usage": "lan",
                    "redundancy_state": "none",
                    "rx_bytes": 58738861654,
                    "rx_pkts": 40065287,
                    "servp_info": {
                      "asn": null,
                      "city": null,
                      "country_code": null,
                      "latitude": null,
                      "longitude": null,
                      "org": null,
                      "region_code": null
                    },
                    "tx_bytes": 5538583559,
                    "tx_pkts": 24343439,
                    "up": true,
                    "vlan": 0,
                    "wan_name": null,
                    "wan_type": null
                  },
                  "ge-0/0/2": {
                    "address_mode": "Static",
                    "ips": [
                      "16.0.0.2/29"
                    ],
                    "nat_addresses": [],
                    "network_name": "",
                    "port_id": "ge-0/0/2",
                    "port_usage": "wan",
                    "redundancy_state": "none",
                    "rx_bytes": 5980025863,
                    "rx_pkts": 27995789,
                    "servp_info": {
                      "asn": null,
                      "city": "Palo Alto",
                      "country_code": "US",
                      "latitude": 37.4433,
                      "longitude": -122.141,
                      "org": null,
                      "region_code": "CA"
                    },
                    "tx_bytes": 5738947465,
                    "tx_pkts": 36068460,
                    "up": true,
                    "vlan": 0,
                    "wan_name": "wan1-broadband",
                    "wan_type": "broadband"
                  },
                  "ge-0/0/3": {
                    "address_mode": "Static",
                    "ips": [
                      "17.0.0.2/29"
                    ],
                    "nat_addresses": [],
                    "network_name": "",
                    "port_id": "ge-0/0/3",
                    "port_usage": "wan",
                    "redundancy_state": "none",
                    "rx_bytes": 5261800243,
                    "rx_pkts": 27811796,
                    "servp_info": {
                      "asn": null,
                      "city": null,
                      "country_code": null,
                      "latitude": null,
                      "longitude": null,
                      "org": null,
                      "region_code": null
                    },
                    "tx_bytes": 5445107164,
                    "tx_pkts": 36525818,
                    "up": true,
                    "vlan": 0,
                    "wan_name": "wan2-lte",
                    "wan_type": "broadband"
                  }
                },
                "ip": "66.129.234.224",
                "ip2_stat": null,
                "ip_stat": {
                  "dhcp_server": null,
                  "dns": null,
                  "dns_suffix": null,
                  "gateway": "",
                  "gateway6": null,
                  "ip": "",
                  "ip6": null,
                  "ips": {},
                  "netmask": "",
                  "netmask6": null
                },
                "is_ha": false,
                "last_seen": 1720865360,
                "mac": "020001daefa9",
                "map_id": null,
                "memory2_stat": null,
                "memory_stat": {
                  "usage": 45
                },
                "model": "SSR",
                "modified_time": 1717684959,
                "module2_stat": null,
                "module_stat": [
                  {
                    "backup_version": null,
                    "bios_version": null,
                    "cpld_version": null,
                    "errors": null,
                    "fans": null,
                    "fpga_version": null,
                    "last_seen": 1720865360,
                    "model": "SSR",
                    "optics_cpld_version": null,
                    "pending_version": null,
                    "pics": null,
                    "poe": null,
                    "poe_version": null,
                    "power_cpld_version": null,
                    "psus": null,
                    "re_fpga_version": null,
                    "recovery_version": null,
                    "serial": "b1657f40cbdc3cfb567aa5a7aefda8fd",
                    "status": "connected",
                    "temperatures": null,
                    "tmc_fpga_version": null,
                    "uboot_version": null,
                    "uptime": 3939083,
                    "vc_links": null,
                    "vc_mode": null,
                    "vc_role": null,
                    "vc_state": null,
                    "version": "6.2.4-14.r2"
                  }
                ],
                "name": "sdwan-atlanta",
                "node_name": "node0",
                "org_id": "9777c1a0-6ef6-11e6-8bbf-02e208b2d34f",
                "route_summary_stats": null,
                "router_name": "sdwan-atlanta",
                "serial": "b1657f40cbdc3cfb567aa5a7aefda8fd",
                "service2_stat": null,
                "service_stat": {
                  "t128agent": {
                    "ash_version": "0.1.8-1",
                    "cia_version": "1.16.6989-1",
                    "ember_version": "1.4.2-3",
                    "ipsec_client_version": "1.1.9-1",
                    "mist_agent_version": "4.16.6989-1",
                    "package_version": "3.7.6-205",
                    "testing_tools_version": "1.0.8-1",
                    "wheeljack_version": "0.2.24-11"
                  }
                },
                "service_status": {
                  "appid_install_result": "",
                  "appid_install_timestamp": "",
                  "appid_status": "disabled",
                  "appid_version": 0,
                  "ewf_status": "enabled",
                  "idp_install_result": "",
                  "idp_install_timestamp": "",
                  "idp_policy": "",
                  "idp_status": "disabled",
                  "idp_update_timestamp": ""
                },
                "site_id": "1afcd5ca-2441-481c-b437-70e34c22dc07",
                "spu2_stat": null,
                "spu_stat": null,
                "status": "connected",
                "uptime": 3939083,
                "version": "6.2.4-14.r2"
              },
              {
                "ap_redundancy": null,
                "arp_table_stats": null,
                "cert_expiry": null,
                "cluster_config": null,
                "cluster_stat": null,
                "conductor_name": "9777c1a0-6ef6-11e6-8bbf-02e208b2d34f",
                "config_status": null,
                "cpu2_stat": null,
                "cpu_stat": {
                  "idle": 78,
                  "interrupt": 0,
                  "load_avg": [
                    0,
                    0,
                    0
                  ],
                  "system": 22,
                  "user": 0
                },
                "created_time": 1716922300,
                "deviceprofile_id": "7fe2e55e-6345-4449-8275-3e4b44353e5e",
                "dhcpd2_stat": null,
                "dhcpd_stat": {},
                "ext_ip": "66.129.234.28",
                "fwupdate": null,
                "has_pcap": false,
                "hostname": "node0.sdwan-sanfrancisco-hub",
                "id": "00000000-0000-0000-1000-02000152cc51",
                "if2_stat": null,
                "if_stat": {
                  "ge-0/0/1": {
                    "address_mode": "Static",
                    "ips": [
                      "20.0.0.2/29"
                    ],
                    "nat_addresses": [],
                    "network_name": "",
                    "port_id": "ge-0/0/1",
                    "port_usage": "wan",
                    "redundancy_state": "none",
                    "rx_bytes": 65445454965,
                    "rx_pkts": 66747907,
                    "servp_info": {
                      "asn": "AS8075",
                      "city": "London",
                      "country_code": "GB",
                      "latitude": 51.5074,
                      "longitude": -0.1196,
                      "org": "MICROSOFT-CORP-MSN-AS-BLOCK",
                      "region_code": "ENG"
                    },
                    "tx_bytes": 9646871872,
                    "tx_pkts": 68589109,
                    "up": true,
                    "vlan": 0,
                    "wan_name": "broadband1",
                    "wan_type": "broadband"
                  },
                  "ge-0/0/2": {
                    "address_mode": "Static",
                    "ips": [
                      "172.56.128.1/24"
                    ],
                    "nat_addresses": [],
                    "network_name": "mgmt_datacenter2",
                    "port_id": "ge-0/0/2",
                    "port_usage": "lan",
                    "redundancy_state": "none",
                    "rx_bytes": 2596189675,
                    "rx_pkts": 22307494,
                    "servp_info": {
                      "asn": "AS21928",
                      "city": "Los Angeles",
                      "country_code": "US",
                      "latitude": 34.0544,
                      "longitude": -118.2441,
                      "org": "T-MOBILE-AS21928",
                      "region_code": "CA"
                    },
                    "tx_bytes": 3650891107,
                    "tx_pkts": 15463949,
                    "up": true,
                    "vlan": 0,
                    "wan_name": null,
                    "wan_type": null
                  },
                  "ge-0/0/3": {
                    "address_mode": "Static",
                    "ips": [
                      "24.0.0.2/29"
                    ],
                    "nat_addresses": [],
                    "network_name": "corp_datacenter2",
                    "port_id": "ge-0/0/3",
                    "port_usage": "lan",
                    "redundancy_state": "none",
                    "rx_bytes": 22103487,
                    "rx_pkts": 270531,
                    "servp_info": {
                      "asn": null,
                      "city": null,
                      "country_code": null,
                      "latitude": null,
                      "longitude": null,
                      "org": null,
                      "region_code": null
                    },
                    "tx_bytes": 292850819,
                    "tx_pkts": 3836405,
                    "up": true,
                    "vlan": 0,
                    "wan_name": null,
                    "wan_type": null
                  }
                },
                "ip": "66.129.234.28",
                "ip2_stat": null,
                "ip_stat": {
                  "dhcp_server": null,
                  "dns": null,
                  "dns_suffix": null,
                  "gateway": "",
                  "gateway6": null,
                  "ip": "",
                  "ip6": null,
                  "ips": {},
                  "netmask": "",
                  "netmask6": null
                },
                "is_ha": false,
                "last_seen": 1720865366,
                "mac": "02000152cc51",
                "map_id": null,
                "memory2_stat": null,
                "memory_stat": {
                  "usage": 59
                },
                "model": "SSR",
                "modified_time": 1718721308,
                "module2_stat": null,
                "module_stat": [
                  {
                    "backup_version": null,
                    "bios_version": null,
                    "cpld_version": null,
                    "errors": null,
                    "fans": null,
                    "fpga_version": null,
                    "last_seen": 1720865366,
                    "model": "SSR",
                    "optics_cpld_version": null,
                    "pending_version": null,
                    "pics": null,
                    "poe": null,
                    "poe_version": null,
                    "power_cpld_version": null,
                    "psus": null,
                    "re_fpga_version": null,
                    "recovery_version": null,
                    "serial": "09c1cfb158ea8abf53c39c82ea335c6d",
                    "status": "connected",
                    "temperatures": null,
                    "tmc_fpga_version": null,
                    "uboot_version": null,
                    "uptime": 3087877,
                    "vc_links": null,
                    "vc_mode": null,
                    "vc_role": null,
                    "vc_state": null,
                    "version": "6.2.4-14.r2"
                  }
                ],
                "name": "sdwan-sanfrancisco-hub",
                "node_name": "node0",
                "org_id": "9777c1a0-6ef6-11e6-8bbf-02e208b2d34f",
                "route_summary_stats": null,
                "router_name": "sdwan-sanfrancisco-hub",
                "serial": "09c1cfb158ea8abf53c39c82ea335c6d",
                "service2_stat": null,
                "service_stat": {
                  "t128agent": {
                    "ash_version": "0.1.8-1",
                    "cia_version": "1.16.6989-1",
                    "ember_version": "1.4.2-3",
                    "ipsec_client_version": "1.1.9-1",
                    "mist_agent_version": "4.16.6989-1",
                    "package_version": "3.7.6-205",
                    "testing_tools_version": "1.0.8-1",
                    "wheeljack_version": "0.2.24-11"
                  }
                },
                "service_status": {
                  "appid_install_result": "",
                  "appid_install_timestamp": "",
                  "appid_status": "disabled",
                  "appid_version": 0,
                  "ewf_status": "disabled",
                  "idp_install_result": "",
                  "idp_install_timestamp": "",
                  "idp_policy": "",
                  "idp_status": "disabled",
                  "idp_update_timestamp": ""
                },
                "site_id": "7b0290dc-8c0a-433b-b2b2-3a0acd0b5361",
                "spu2_stat": null,
                "spu_stat": null,
                "status": "connected",
                "uptime": 3087877,
                "version": "6.2.4-14.r2"
              },
              {
                "ap_redundancy": null,
                "arp_table_stats": null,
                "cert_expiry": null,
                "cluster_config": null,
                "cluster_stat": null,
                "conductor_name": "9777c1a0-6ef6-11e6-8bbf-02e208b2d34f",
                "config_status": null,
                "cpu2_stat": null,
                "cpu_stat": {
                  "idle": 80,
                  "interrupt": 0,
                  "load_avg": [
                    0,
                    0,
                    0
                  ],
                  "system": 20,
                  "user": 0
                },
                "created_time": 1718717753,
                "deviceprofile_id": null,
                "dhcpd2_stat": null,
                "dhcpd_stat": {
                  "corp_network_westford": {
                    "num_ips": 19,
                    "num_leased": 8
                  }
                },
                "ext_ip": "66.129.241.10",
                "fwupdate": null,
                "has_pcap": false,
                "hostname": "node0.sdwan-westford",
                "id": "00000000-0000-0000-1000-90ec77259cce",
                "if2_stat": null,
                "if_stat": {
                  "ge-0/0/1": {
                    "address_mode": "Static",
                    "ips": [
                      "172.28.4.177/24"
                    ],
                    "nat_addresses": [],
                    "network_name": "",
                    "port_id": "ge-0/0/1",
                    "port_usage": "wan",
                    "redundancy_state": "none",
                    "rx_bytes": 6957877126,
                    "rx_pkts": 30160432,
                    "servp_info": {
                      "asn": null,
                      "city": null,
                      "country_code": null,
                      "latitude": null,
                      "longitude": null,
                      "org": null,
                      "region_code": null
                    },
                    "tx_bytes": 4272556163,
                    "tx_pkts": 30985610,
                    "up": true,
                    "vlan": 0,
                    "wan_name": "wan1-broadband",
                    "wan_type": "broadband"
                  },
                  "ge-0/0/3": {
                    "address_mode": "Static",
                    "ips": [
                      "192.168.98.1/24"
                    ],
                    "nat_addresses": [],
                    "network_name": "corp_network_westford",
                    "port_id": "ge-0/0/3",
                    "port_usage": "lan",
                    "redundancy_state": "none",
                    "rx_bytes": 2142632320,
                    "rx_pkts": 24287997,
                    "servp_info": {
                      "asn": null,
                      "city": null,
                      "country_code": null,
                      "latitude": null,
                      "longitude": null,
                      "org": null,
                      "region_code": null
                    },
                    "tx_bytes": 5469427467,
                    "tx_pkts": 22855963,
                    "up": true,
                    "vlan": 0,
                    "wan_name": null,
                    "wan_type": null
                  }
                },
                "ip": "66.129.241.10",
                "ip2_stat": null,
                "ip_stat": {
                  "dhcp_server": null,
                  "dns": null,
                  "dns_suffix": null,
                  "gateway": "",
                  "gateway6": null,
                  "ip": "",
                  "ip6": null,
                  "ips": {},
                  "netmask": "",
                  "netmask6": null
                },
                "is_ha": false,
                "last_seen": 1720865359,
                "mac": "90ec77259cce",
                "map_id": null,
                "memory2_stat": null,
                "memory_stat": {
                  "usage": 64
                },
                "model": "SSR130",
                "modified_time": 1718992870,
                "module2_stat": null,
                "module_stat": [
                  {
                    "backup_version": null,
                    "bios_version": null,
                    "cpld_version": null,
                    "errors": null,
                    "fans": null,
                    "fpga_version": null,
                    "last_seen": 1720865359,
                    "model": "SSR130",
                    "optics_cpld_version": null,
                    "pending_version": null,
                    "pics": null,
                    "poe": null,
                    "poe_version": null,
                    "power_cpld_version": null,
                    "psus": null,
                    "re_fpga_version": null,
                    "recovery_version": null,
                    "serial": "2009220506",
                    "status": "connected",
                    "temperatures": null,
                    "tmc_fpga_version": null,
                    "uboot_version": null,
                    "uptime": 657051,
                    "vc_links": null,
                    "vc_mode": null,
                    "vc_role": null,
                    "vc_state": null,
                    "version": "6.2.5-5.r2"
                  }
                ],
                "name": "sdwan-westford",
                "node_name": "node0",
                "org_id": "9777c1a0-6ef6-11e6-8bbf-02e208b2d34f",
                "route_summary_stats": null,
                "router_name": "sdwan-westford",
                "serial": "2009220506",
                "service2_stat": null,
                "service_stat": {
                  "t128agent": {
                    "ash_version": "0.1.8-1",
                    "cia_version": "1.16.6989-1",
                    "ember_version": "1.4.2-3",
                    "ipsec_client_version": "1.1.9-1",
                    "mist_agent_version": "4.16.6989-1",
                    "package_version": "3.8.0-201",
                    "testing_tools_version": "1.0.8-1",
                    "wheeljack_version": "0.2.24-11"
                  }
                },
                "service_status": {
                  "appid_install_result": "",
                  "appid_install_timestamp": "",
                  "appid_status": "disabled",
                  "appid_version": 0,
                  "ewf_status": "enabled",
                  "idp_install_result": "",
                  "idp_install_timestamp": "",
                  "idp_policy": "",
                  "idp_status": "disabled",
                  "idp_update_timestamp": ""
                },
                "site_id": "14f0fd91-8167-4db0-b024-7160a65c0e41",
                "spu2_stat": null,
                "spu_stat": null,
                "status": "connected",
                "uptime": 657051,
                "version": "6.2.5-5.r2"
              },
              {
                "ap_redundancy": null,
                "arp_table_stats": null,
                "cert_expiry": null,
                "cluster_config": null,
                "cluster_stat": null,
                "conductor_name": "9777c1a0-6ef6-11e6-8bbf-02e208b2d34f",
                "config_status": null,
                "cpu2_stat": null,
                "cpu_stat": {
                  "idle": 93,
                  "interrupt": 0,
                  "load_avg": [
                    0,
                    0,
                    0
                  ],
                  "system": 7,
                  "user": 0
                },
                "created_time": 1720643696,
                "deviceprofile_id": null,
                "dhcpd2_stat": null,
                "dhcpd_stat": {},
                "ext_ip": "54.188.84.225",
                "fwupdate": null,
                "has_pcap": false,
                "hostname": "node0.sdwan_onboarding",
                "id": "00000000-0000-0000-1000-02000137bb9c",
                "if2_stat": null,
                "if_stat": {
                  "ge-0/0/0": {
                    "address_mode": "Dynamic",
                    "ips": [
                      "172.31.30.134/20"
                    ],
                    "nat_addresses": [],
                    "network_name": "",
                    "port_id": "ge-0/0/0",
                    "port_usage": "wan",
                    "redundancy_state": "none",
                    "rx_bytes": 142300331251,
                    "rx_pkts": 116602715,
                    "servp_info": {
                      "asn": null,
                      "city": null,
                      "country_code": null,
                      "latitude": null,
                      "longitude": null,
                      "org": null,
                      "region_code": null
                    },
                    "tx_bytes": 177128495175,
                    "tx_pkts": 148140703,
                    "up": true,
                    "vlan": 0,
                    "wan_name": "wan",
                    "wan_type": "broadband"
                  },
                  "ge-0/0/1": {
                    "address_mode": "Static",
                    "ips": [
                      "172.31.26.222/20"
                    ],
                    "nat_addresses": [],
                    "network_name": "corp_network",
                    "port_id": "ge-0/0/1",
                    "port_usage": "lan",
                    "redundancy_state": "none",
                    "rx_bytes": 2886324,
                    "rx_pkts": 68722,
                    "servp_info": {
                      "asn": null,
                      "city": null,
                      "country_code": null,
                      "latitude": null,
                      "longitude": null,
                      "org": null,
                      "region_code": null
                    },
                    "tx_bytes": 6327944,
                    "tx_pkts": 100928,
                    "up": true,
                    "vlan": 0,
                    "wan_name": null,
                    "wan_type": null
                  }
                },
                "ip": "54.188.84.225",
                "ip2_stat": null,
                "ip_stat": {
                  "dhcp_server": null,
                  "dns": null,
                  "dns_suffix": null,
                  "gateway": "",
                  "gateway6": null,
                  "ip": "",
                  "ip6": null,
                  "ips": {},
                  "netmask": "",
                  "netmask6": null
                },
                "is_ha": false,
                "last_seen": 1720865357,
                "mac": "02000137bb9c",
                "map_id": null,
                "memory2_stat": null,
                "memory_stat": {
                  "usage": 68
                },
                "model": "SSR",
                "modified_time": 1720644665,
                "module2_stat": null,
                "module_stat": [
                  {
                    "backup_version": null,
                    "bios_version": null,
                    "cpld_version": null,
                    "errors": null,
                    "fans": null,
                    "fpga_version": null,
                    "last_seen": 1720865357,
                    "model": "SSR",
                    "optics_cpld_version": null,
                    "pending_version": null,
                    "pics": null,
                    "poe": null,
                    "poe_version": null,
                    "power_cpld_version": null,
                    "psus": null,
                    "re_fpga_version": null,
                    "recovery_version": null,
                    "serial": "f91b8df3460ac1034afb3a3d578f0255",
                    "status": "connected",
                    "temperatures": null,
                    "tmc_fpga_version": null,
                    "uboot_version": null,
                    "uptime": 3870404,
                    "vc_links": null,
                    "vc_mode": null,
                    "vc_role": null,
                    "vc_state": null,
                    "version": "6.2.3-14.r2"
                  }
                ],
                "name": "sdwan_onboarding",
                "node_name": "node0",
                "org_id": "9777c1a0-6ef6-11e6-8bbf-02e208b2d34f",
                "route_summary_stats": null,
                "router_name": "sdwan_onboarding",
                "serial": "f91b8df3460ac1034afb3a3d578f0255",
                "service2_stat": null,
                "service_stat": {
                  "t128agent": {
                    "ash_version": "0.1.8-1",
                    "cia_version": "1.16.6989-1",
                    "ember_version": "1.4.2-3",
                    "ipsec_client_version": "1.1.9-1",
                    "mist_agent_version": "4.16.6989-1",
                    "package_version": "3.7.0-201",
                    "testing_tools_version": "1.0.8-1",
                    "wheeljack_version": "0.2.24-11"
                  }
                },
                "service_status": {
                  "appid_install_result": "",
                  "appid_install_timestamp": "",
                  "appid_status": "disabled",
                  "appid_version": 0,
                  "ewf_status": "disabled",
                  "idp_install_result": "",
                  "idp_install_timestamp": "",
                  "idp_policy": "",
                  "idp_status": "disabled",
                  "idp_update_timestamp": ""
                },
                "site_id": "0247b1bb-56d6-457c-b8b4-e5a655003fbb",
                "spu2_stat": null,
                "spu_stat": null,
                "status": "connected",
                "uptime": 3870404,
                "version": "6.2.3-14.r2"
              }
            ],
            "duration": null,
            "end": null,
            "mac": null,
            "org_id": "9777c1a0-6ef6-11e6-8bbf-02e208b2d34f",
            "site_id": null,
            "start": null,
            "status": null
          },
          "sensitive_attributes": []
        }
      ]
    },
    {
      "mode": "managed",
      "type": "mist_org",
      "name": "terraform_test",
      "provider": "provider[\"registry.terraform.io/juniper/mist\"]",
      "instances": [
        {
          "schema_version": 0,
          "attributes": {
            "alarmtemplate_id": null,
            "allow_mist": true,
            "id": "992bf4b9-c900-4850-9992-107b2f9df928",
            "msp_id": null,
            "msp_logo_url": null,
            "msp_name": null,
            "name": "Terraform Testing",
            "orggroup_ids": [],
            "session_expiry": 1440
          },
          "sensitive_attributes": []
        }
      ]
    }
  ],
  "check_results": null
}
