{
  "version": 4,
  "terraform_version": "1.9.2",
  "serial": 1376,
  "lineage": "20532229-881e-4371-f1fd-11d081e97e25",
  "outputs": {},
  "resources": [
    {
      "mode": "data",
      "type": "mist_countries",
      "name": "test",
      "provider": "provider[\"registry.terraform.io/juniper/mist\"]",
      "instances": [
        {
          "schema_version": 0,
          "attributes": {
            "countries": [
              {
                "alpha2": "AD",
                "certified": true,
                "name": "Andorra",
                "numeric": 20
              },
              {
                "alpha2": "AE",
                "certified": true,
                "name": "United Arab Emirates",
                "numeric": 784
              },
              {
                "alpha2": "AG",
                "certified": true,
                "name": "Antigua and Barbuda",
                "numeric": 28
              },
              {
                "alpha2": "AI",
                "certified": true,
                "name": "Anguilla",
                "numeric": 660
              },
              {
                "alpha2": "AL",
                "certified": true,
                "name": "Albania",
                "numeric": 8
              },
              {
                "alpha2": "AM",
                "certified": true,
                "name": "Armenia",
                "numeric": 51
              },
              {
                "alpha2": "AN",
                "certified": false,
                "name": "Netherlands Antilles",
                "numeric": 530
              },
              {
                "alpha2": "AO",
                "certified": true,
                "name": "Angola",
                "numeric": 24
              },
              {
                "alpha2": "AR",
                "certified": true,
                "name": "Argentina",
                "numeric": 32
              },
              {
                "alpha2": "AS",
                "certified": true,
                "name": "American Samoa",
                "numeric": 16
              },
              {
                "alpha2": "AT",
                "certified": true,
                "name": "Austria",
                "numeric": 40
              },
              {
                "alpha2": "AU",
                "certified": true,
                "name": "Australia",
                "numeric": 36
              },
              {
                "alpha2": "AW",
                "certified": true,
                "name": "Aruba",
                "numeric": 533
              },
              {
                "alpha2": "AZ",
                "certified": true,
                "name": "Azerbaijan",
                "numeric": 31
              },
              {
                "alpha2": "BA",
                "certified": true,
                "name": "Bosnia and Herzegovina",
                "numeric": 70
              },
              {
                "alpha2": "BB",
                "certified": true,
                "name": "Barbados",
                "numeric": 52
              },
              {
                "alpha2": "BD",
                "certified": true,
                "name": "Bangladesh",
                "numeric": 50
              },
              {
                "alpha2": "BE",
                "certified": true,
                "name": "Belgium",
                "numeric": 56
              },
              {
                "alpha2": "BG",
                "certified": true,
                "name": "Bulgaria",
                "numeric": 100
              },
              {
                "alpha2": "BH",
                "certified": true,
                "name": "Bahrain",
                "numeric": 48
              },
              {
                "alpha2": "BJ",
                "certified": true,
                "name": "Benin",
                "numeric": 204
              },
              {
                "alpha2": "BM",
                "certified": true,
                "name": "Bermuda",
                "numeric": 60
              },
              {
                "alpha2": "BN",
                "certified": false,
                "name": "Brunei Darussalam",
                "numeric": 96
              },
              {
                "alpha2": "BO",
                "certified": true,
                "name": "Bolivia",
                "numeric": 68
              },
              {
                "alpha2": "BR",
                "certified": true,
                "name": "Brazil",
                "numeric": 76
              },
              {
                "alpha2": "BS",
                "certified": true,
                "name": "Bahamas",
                "numeric": 44
              },
              {
                "alpha2": "BY",
                "certified": true,
                "name": "Belarus",
                "numeric": 112
              },
              {
                "alpha2": "BZ",
                "certified": true,
                "name": "Belize",
                "numeric": 84
              },
              {
                "alpha2": "CA",
                "certified": true,
                "name": "Canada",
                "numeric": 124
              },
              {
                "alpha2": "CH",
                "certified": true,
                "name": "Switzerland",
                "numeric": 756
              },
              {
                "alpha2": "CI",
                "certified": true,
                "name": "Côte d'Ivoire",
                "numeric": 384
              },
              {
                "alpha2": "CL",
                "certified": true,
                "name": "Chile",
                "numeric": 152
              },
              {
                "alpha2": "CM",
                "certified": true,
                "name": "Cameroon",
                "numeric": 120
              },
              {
                "alpha2": "CN",
                "certified": true,
                "name": "China",
                "numeric": 156
              },
              {
                "alpha2": "CO",
                "certified": true,
                "name": "Colombia",
                "numeric": 170
              },
              {
                "alpha2": "CR",
                "certified": true,
                "name": "Costa Rica",
                "numeric": 188
              },
              {
                "alpha2": "CV",
                "certified": true,
                "name": "Cabo Verde",
                "numeric": 132
              },
              {
                "alpha2": "CY",
                "certified": true,
                "name": "Cyprus",
                "numeric": 196
              },
              {
                "alpha2": "CZ",
                "certified": true,
                "name": "Czech Republic",
                "numeric": 203
              },
              {
                "alpha2": "DE",
                "certified": true,
                "name": "Germany",
                "numeric": 276
              },
              {
                "alpha2": "DK",
                "certified": true,
                "name": "Denmark",
                "numeric": 208
              },
              {
                "alpha2": "DO",
                "certified": true,
                "name": "Dominican Republic",
                "numeric": 214
              },
              {
                "alpha2": "DZ",
                "certified": false,
                "name": "Algeria",
                "numeric": 12
              },
              {
                "alpha2": "EC",
                "certified": true,
                "name": "Ecuador",
                "numeric": 218
              },
              {
                "alpha2": "EE",
                "certified": true,
                "name": "Estonia",
                "numeric": 233
              },
              {
                "alpha2": "EG",
                "certified": true,
                "name": "Egypt",
                "numeric": 818
              },
              {
                "alpha2": "ES",
                "certified": true,
                "name": "Spain",
                "numeric": 724
              },
              {
                "alpha2": "ET",
                "certified": true,
                "name": "Ethiopia",
                "numeric": 231
              },
              {
                "alpha2": "FI",
                "certified": true,
                "name": "Finland",
                "numeric": 246
              },
              {
                "alpha2": "FJ",
                "certified": true,
                "name": "Fiji",
                "numeric": 242
              },
              {
                "alpha2": "FM",
                "certified": true,
                "name": "Micronesia",
                "numeric": 583
              },
              {
                "alpha2": "FO",
                "certified": true,
                "name": "Faroe Islands",
                "numeric": 234
              },
              {
                "alpha2": "FR",
                "certified": true,
                "name": "France",
                "numeric": 250
              },
              {
                "alpha2": "GA",
                "certified": true,
                "name": "Gabon",
                "numeric": 266
              },
              {
                "alpha2": "GB",
                "certified": true,
                "name": "United Kingdom",
                "numeric": 826
              },
              {
                "alpha2": "GD",
                "certified": true,
                "name": "Grenada",
                "numeric": 308
              },
              {
                "alpha2": "GE",
                "certified": true,
                "name": "Georgia",
                "numeric": 268
              },
              {
                "alpha2": "GG",
                "certified": true,
                "name": "Guernsey",
                "numeric": 831
              },
              {
                "alpha2": "GH",
                "certified": true,
                "name": "Ghana",
                "numeric": 288
              },
              {
                "alpha2": "GI",
                "certified": true,
                "name": "Gibraltar",
                "numeric": 292
              },
              {
                "alpha2": "GL",
                "certified": true,
                "name": "Greenland",
                "numeric": 304
              },
              {
                "alpha2": "GR",
                "certified": true,
                "name": "Greece",
                "numeric": 300
              },
              {
                "alpha2": "GT",
                "certified": true,
                "name": "Guatemala",
                "numeric": 320
              },
              {
                "alpha2": "GU",
                "certified": true,
                "name": "Guam",
                "numeric": 316
              },
              {
                "alpha2": "GY",
                "certified": true,
                "name": "Guyana",
                "numeric": 328
              },
              {
                "alpha2": "HK",
                "certified": true,
                "name": "Hong Kong",
                "numeric": 344
              },
              {
                "alpha2": "HN",
                "certified": true,
                "name": "Honduras",
                "numeric": 340
              },
              {
                "alpha2": "HR",
                "certified": true,
                "name": "Croatia",
                "numeric": 191
              },
              {
                "alpha2": "HT",
                "certified": true,
                "name": "Haiti",
                "numeric": 332
              },
              {
                "alpha2": "HU",
                "certified": true,
                "name": "Hungary",
                "numeric": 348
              },
              {
                "alpha2": "ID",
                "certified": true,
                "name": "Indonesia",
                "numeric": 360
              },
              {
                "alpha2": "IE",
                "certified": true,
                "name": "Ireland",
                "numeric": 372
              },
              {
                "alpha2": "IL",
                "certified": true,
                "name": "Israel",
                "numeric": 376
              },
              {
                "alpha2": "IN",
                "certified": true,
                "name": "India",
                "numeric": 356
              },
              {
                "alpha2": "IQ",
                "certified": true,
                "name": "Iraq",
                "numeric": 368
              },
              {
                "alpha2": "IS",
                "certified": true,
                "name": "Iceland",
                "numeric": 352
              },
              {
                "alpha2": "IT",
                "certified": true,
                "name": "Italy",
                "numeric": 380
              },
              {
                "alpha2": "JM",
                "certified": false,
                "name": "Jamaica",
                "numeric": 388
              },
              {
                "alpha2": "JO",
                "certified": true,
                "name": "Jordan",
                "numeric": 400
              },
              {
                "alpha2": "JP",
                "certified": true,
                "name": "Japan",
                "numeric": 392
              },
              {
                "alpha2": "KE",
                "certified": true,
                "name": "Kenya",
                "numeric": 404
              },
              {
                "alpha2": "KH",
                "certified": true,
                "name": "Cambodia",
                "numeric": 116
              },
              {
                "alpha2": "KN",
                "certified": true,
                "name": "Saint Kitts and Nevis",
                "numeric": 659
              },
              {
                "alpha2": "KR",
                "certified": true,
                "name": "Korea Republic",
                "numeric": 410
              },
              {
                "alpha2": "KW",
                "certified": true,
                "name": "Kuwait",
                "numeric": 414
              },
              {
                "alpha2": "KY",
                "certified": true,
                "name": "Cayman Islands",
                "numeric": 136
              },
              {
                "alpha2": "KZ",
                "certified": true,
                "name": "Kazakhstan",
                "numeric": 398
              },
              {
                "alpha2": "LB",
                "certified": true,
                "name": "Lebanon",
                "numeric": 422
              },
              {
                "alpha2": "LC",
                "certified": true,
                "name": "Saint Lucia",
                "numeric": 662
              },
              {
                "alpha2": "LI",
                "certified": true,
                "name": "Liechtenstein",
                "numeric": 438
              },
              {
                "alpha2": "LK",
                "certified": true,
                "name": "Sri Lanka",
                "numeric": 144
              },
              {
                "alpha2": "LT",
                "certified": true,
                "name": "Lithuania",
                "numeric": 440
              },
              {
                "alpha2": "LU",
                "certified": true,
                "name": "Luxembourg",
                "numeric": 442
              },
              {
                "alpha2": "LV",
                "certified": true,
                "name": "Latvia",
                "numeric": 428
              },
              {
                "alpha2": "LY",
                "certified": true,
                "name": "Libya",
                "numeric": 434
              },
              {
                "alpha2": "MA",
                "certified": true,
                "name": "Morocco",
                "numeric": 504
              },
              {
                "alpha2": "MC",
                "certified": true,
                "name": "Monaco",
                "numeric": 492
              },
              {
                "alpha2": "MD",
                "certified": true,
                "name": "Moldova",
                "numeric": 498
              },
              {
                "alpha2": "ME",
                "certified": true,
                "name": "Montenegro",
                "numeric": 499
              },
              {
                "alpha2": "MF",
                "certified": true,
                "name": "Saint Martin",
                "numeric": 663
              },
              {
                "alpha2": "MK",
                "certified": true,
                "name": "Macedonia",
                "numeric": 807
              },
              {
                "alpha2": "ML",
                "certified": true,
                "name": "Mali",
                "numeric": 466
              },
              {
                "alpha2": "MO",
                "certified": true,
                "name": "Macau",
                "numeric": 446
              },
              {
                "alpha2": "MP",
                "certified": true,
                "name": "Northern Mariana Islands",
                "numeric": 580
              },
              {
                "alpha2": "MT",
                "certified": true,
                "name": "Malta",
                "numeric": 470
              },
              {
                "alpha2": "MU",
                "certified": true,
                "name": "Mauritius",
                "numeric": 480
              },
              {
                "alpha2": "MV",
                "certified": true,
                "name": "Maldives",
                "numeric": 462
              },
              {
                "alpha2": "MX",
                "certified": true,
                "name": "Mexico",
                "numeric": 484
              },
              {
                "alpha2": "MY",
                "certified": true,
                "name": "Malaysia",
                "numeric": 458
              },
              {
                "alpha2": "MZ",
                "certified": true,
                "name": "Mozambique",
                "numeric": 508
              },
              {
                "alpha2": "NA",
                "certified": true,
                "name": "Namibia",
                "numeric": 516
              },
              {
                "alpha2": "NG",
                "certified": true,
                "name": "Nigeria",
                "numeric": 566
              },
              {
                "alpha2": "NI",
                "certified": true,
                "name": "Nicaragua",
                "numeric": 558
              },
              {
                "alpha2": "NL",
                "certified": true,
                "name": "Netherlands",
                "numeric": 528
              },
              {
                "alpha2": "NO",
                "certified": true,
                "name": "Norway",
                "numeric": 578
              },
              {
                "alpha2": "NP",
                "certified": false,
                "name": "Nepal",
                "numeric": 524
              },
              {
                "alpha2": "NZ",
                "certified": true,
                "name": "New Zealand",
                "numeric": 554
              },
              {
                "alpha2": "OM",
                "certified": true,
                "name": "Oman",
                "numeric": 512
              },
              {
                "alpha2": "PA",
                "certified": true,
                "name": "Panama",
                "numeric": 591
              },
              {
                "alpha2": "PE",
                "certified": true,
                "name": "Peru",
                "numeric": 604
              },
              {
                "alpha2": "PF",
                "certified": true,
                "name": "French Polynesia",
                "numeric": 258
              },
              {
                "alpha2": "PG",
                "certified": false,
                "name": "Papua New Guinea",
                "numeric": 598
              },
              {
                "alpha2": "PH",
                "certified": true,
                "name": "Philippines",
                "numeric": 608
              },
              {
                "alpha2": "PK",
                "certified": true,
                "name": "Pakistan",
                "numeric": 586
              },
              {
                "alpha2": "PL",
                "certified": true,
                "name": "Poland",
                "numeric": 616
              },
              {
                "alpha2": "PR",
                "certified": true,
                "name": "Puerto Rico",
                "numeric": 630
              },
              {
                "alpha2": "PT",
                "certified": true,
                "name": "Portugal",
                "numeric": 620
              },
              {
                "alpha2": "PW",
                "certified": true,
                "name": "Palau",
                "numeric": 585
              },
              {
                "alpha2": "PY",
                "certified": true,
                "name": "Paraguay",
                "numeric": 600
              },
              {
                "alpha2": "QA",
                "certified": true,
                "name": "Qatar",
                "numeric": 634
              },
              {
                "alpha2": "RE",
                "certified": true,
                "name": "Reunion",
                "numeric": 638
              },
              {
                "alpha2": "RO",
                "certified": true,
                "name": "Romania",
                "numeric": 642
              },
              {
                "alpha2": "RS",
                "certified": true,
                "name": "Serbia",
                "numeric": 688
              },
              {
                "alpha2": "RU",
                "certified": true,
                "name": "Russia",
                "numeric": 643
              },
              {
                "alpha2": "RW",
                "certified": false,
                "name": "Rwanda",
                "numeric": 646
              },
              {
                "alpha2": "SA",
                "certified": true,
                "name": "Saudi Arabia",
                "numeric": 682
              },
              {
                "alpha2": "SE",
                "certified": true,
                "name": "Sweden",
                "numeric": 752
              },
              {
                "alpha2": "SG",
                "certified": true,
                "name": "Singapore",
                "numeric": 702
              },
              {
                "alpha2": "SI",
                "certified": true,
                "name": "Slovenia",
                "numeric": 705
              },
              {
                "alpha2": "SK",
                "certified": true,
                "name": "Slovakia",
                "numeric": 703
              },
              {
                "alpha2": "SM",
                "certified": true,
                "name": "San Marino",
                "numeric": 674
              },
              {
                "alpha2": "SV",
                "certified": true,
                "name": "El Salvador",
                "numeric": 222
              },
              {
                "alpha2": "SZ",
                "certified": true,
                "name": "Eswatini",
                "numeric": 748
              },
              {
                "alpha2": "TC",
                "certified": true,
                "name": "Turks and Caicos Islands",
                "numeric": 796
              },
              {
                "alpha2": "TF",
                "certified": true,
                "name": "French Southern Territories",
                "numeric": 260
              },
              {
                "alpha2": "TG",
                "certified": true,
                "name": "Togo",
                "numeric": 768
              },
              {
                "alpha2": "TH",
                "certified": true,
                "name": "Thailand",
                "numeric": 764
              },
              {
                "alpha2": "TN",
                "certified": false,
                "name": "Tunisia",
                "numeric": 788
              },
              {
                "alpha2": "TR",
                "certified": true,
                "name": "Turkey",
                "numeric": 792
              },
              {
                "alpha2": "TT",
                "certified": true,
                "name": "Trinidad and Tobago",
                "numeric": 780
              },
              {
                "alpha2": "TW",
                "certified": true,
                "name": "Taiwan",
                "numeric": 158
              },
              {
                "alpha2": "TZ",
                "certified": true,
                "name": "Tanzania",
                "numeric": 834
              },
              {
                "alpha2": "UA",
                "certified": true,
                "name": "Ukraine",
                "numeric": 804
              },
              {
                "alpha2": "UG",
                "certified": false,
                "name": "Uganda",
                "numeric": 800
              },
              {
                "alpha2": "US",
                "certified": true,
                "name": "United States",
                "numeric": 840
              },
              {
                "alpha2": "UY",
                "certified": true,
                "name": "Uruguay",
                "numeric": 858
              },
              {
                "alpha2": "UZ",
                "certified": false,
                "name": "Uzbekistan",
                "numeric": 860
              },
              {
                "alpha2": "VA",
                "certified": true,
                "name": "Holy See",
                "numeric": 336
              },
              {
                "alpha2": "VE",
                "certified": true,
                "name": "Venezuela",
                "numeric": 862
              },
              {
                "alpha2": "VI",
                "certified": true,
                "name": "Virgin Islands",
                "numeric": 850
              },
              {
                "alpha2": "VN",
                "certified": true,
                "name": "Viet Nam",
                "numeric": 704
              },
              {
                "alpha2": "WF",
                "certified": true,
                "name": "Wallis and Futuna",
                "numeric": 876
              },
              {
                "alpha2": "XK",
                "certified": true,
                "name": "Kosovo",
                "numeric": 983
              },
              {
                "alpha2": "YE",
                "certified": false,
                "name": "Yemen",
                "numeric": 887
              },
              {
                "alpha2": "ZA",
                "certified": true,
                "name": "South Africa",
                "numeric": 710
              },
              {
                "alpha2": "ZW",
                "certified": false,
                "name": "Zimbabwe",
                "numeric": 716
              },
              {
                "alpha2": "__",
                "certified": false,
                "name": "Any Country",
                "numeric": 0
              }
            ]
          },
          "sensitive_attributes": []
        }
      ]
    },
    {
      "mode": "data",
      "type": "mist_device_ap_stats",
      "name": "example",
      "provider": "provider[\"registry.terraform.io/juniper/mist\"]",
      "instances": [
        {
          "schema_version": 0,
          "attributes": {
            "device_ap_stats": [
              {
                "auto_placement": {
                  "info": {
                    "cluster_number": 4,
                    "orientation_stats": null,
                    "probability_surface": {
                      "radius": 0,
                      "radius_m": 0,
                      "x": 1015.4678766048676
                    }
                  },
                  "recommended_anchor": null,
                  "status": "error",
                  "status_detail": "invalid_model",
                  "use_auto_placement": false,
                  "x": 1015.4678766048676,
                  "x_m": 33.56916809082031,
                  "y": 2008.3698670687604,
                  "y_m": 66.3923568725586
                },
                "auto_upgrade_stat": {
                  "lastcheck": 1720857521
                },
                "ble_stat": {
                  "beacon_enabled": true,
                  "beacon_rate": 4,
                  "eddystone_uid_enabled": false,
                  "eddystone_uid_freq_msec": 1000,
                  "eddystone_uid_instance": "003e7307e446",
                  "eddystone_uid_namespace": "9777c1a06ef611e68bbf",
                  "eddystone_url_enabled": false,
                  "eddystone_url_freq_msec": 1000,
                  "eddystone_url_url": "",
                  "ibeacon_enabled": false,
                  "ibeacon_freq_msec": 1000,
                  "ibeacon_major": 773,
                  "ibeacon_minor": 41216,
                  "ibeacon_uuid": "9777c1a0-6ef6-11e6-8bbf-02e208b2d34f",
                  "major": 773,
                  "minors": [
                    41216
                  ],
                  "power": 8,
                  "rx_bytes": 325811117,
                  "rx_pkts": 11246848,
                  "tx_bytes": 84236155,
                  "tx_pkts": 4138744,
                  "tx_resets": 0,
                  "uuid": "9777c1a0-6ef6-11e6-8bbf-02e208b2d34f"
                },
                "cert_expiry": 1722465408,
                "config_reverted": false,
                "cpu_system": 60790657,
                "cpu_util": 30,
                "created_time": 1690929279,
                "deviceprofile_id": "53396580-9167-4852-b09c-7254b68995d0",
                "env_stat": {
                  "accel_x": 0.011,
                  "accel_y": 0.012,
                  "accel_z": 1.045,
                  "ambient_temp": 0,
                  "attitude": 0,
                  "cpu_temp": 50,
                  "humidity": 0,
                  "magne_x": 0,
                  "magne_y": 0,
                  "magne_z": 0,
                  "pressure": 0,
                  "vcore_voltage": 0
                },
                "esl_stat": null,
                "ext_ip": "98.51.212.195",
                "fwupdate": {
                  "progress": 100,
                  "status": "success",
                  "status_id": 8,
                  "timestamp": 1714395685.3955946,
                  "will_retry": false
                },
                "hw_rev": "03",
                "id": "00000000-0000-0000-1000-003e7307e446",
                "inactive_wired_vlans": [
                  24,
                  900,
                  21
                ],
                "iot_stat": {},
                "ip": "10.100.1.22",
                "ip_config": {
                  "dns": [],
                  "dns_suffix": [],
                  "gateway": null,
                  "gateway6": null,
                  "ip": null,
                  "ip6": null,
                  "mtu": 0,
                  "netmask": null,
                  "netmask6": null,
                  "type": "dhcp",
                  "type6": null,
                  "vlan_id": null
                },
                "ip_stat": {
                  "dhcp_server": "10.100.0.1",
                  "dns": [
                    "1.1.1.1",
                    "2.2.2.2"
                  ],
                  "dns_suffix": null,
                  "gateway": "10.100.0.1",
                  "gateway6": null,
                  "ip": "10.100.1.22",
                  "ip6": "fe80:0:0:0:23e:73ff:fe07:e446",
                  "ips": {
                    "vlan1": "10.100.1.22/23,fe80:0:0:0:23e:73ff:fe07:e446/64",
                    "vlan2": "fe80:0:0:0:23e:73ff:fe07:e446/64"
                  },
                  "netmask": "255.255.254.0",
                  "netmask6": "/64"
                },
                "l2tp_stat": {},
                "last_seen": 1720860275,
                "last_trouble": {
                  "code": "07",
                  "timestamp": 1719540414
                },
                "led": null,
                "lldp_stat": {
                  "chassis_id": "60:c7:8d:93:af:0f",
                  "lldp_med_supported": true,
                  "mgmt_addr": "60-c7-8d-93-af-0f",
                  "mgmt_addrs": [
                    "60-c7-8d-93-af-0f"
                  ],
                  "port_desc": "mge-0/0/6",
                  "port_id": "mge-0/0/6",
                  "power_allocated": 13000,
                  "power_draw": 13000,
                  "power_request_count": 1,
                  "power_requested": 13000,
                  "system_desc": "Juniper Networks, Inc. ex4100-48mp Ethernet Switch, kernel JUNOS 22.3R1.12, Build date: 2022-10-05 16:15:33 UTC Copyright (c) 1996-2022 Juniper Networks, Inc.",
                  "system_name": "ld-cup-idf-a-core"
                },
                "locating": false,
                "locked": null,
                "mac": "003e7307e446",
                "map_id": "21f849d4-d12f-4feb-b40f-5be0e2aef8cf",
                "mem_used_kb": 181060,
                "mesh_downlinks": null,
                "mesh_uplink": null,
                "model": "AP24",
                "modified_time": 1720550095,
                "mount": "facedown",
                "name": "LD_Kitchen",
                "notes": "",
                "num_clients": 0,
                "org_id": "9777c1a0-6ef6-11e6-8bbf-02e208b2d34f",
                "port_stat": {
                  "eth0": {
                    "full_duplex": true,
                    "rx_bytes": 734630671000,
                    "rx_errors": 0,
                    "rx_pkts": 602227353,
                    "speed": 2500,
                    "tx_bytes": 83293090514,
                    "tx_pkts": 265196318,
                    "up": true
                  }
                },
                "power_budget": 50,
                "power_constrained": false,
                "power_opmode": "",
                "power_src": "LLDP",
                "radio_stat": {
                  "band_24": {
                    "bandwidth": 160,
                    "channel": 197,
                    "dynamic_chaining_enalbed": null,
                    "mac": "003e7363d140",
                    "noise_floor": -92,
                    "num_clients": 0,
                    "power": 15,
                    "rx_bytes": 364048950,
                    "rx_pkts": 16720901,
                    "tx_bytes": 1239878673,
                    "tx_pkts": 26293466,
                    "usage": "6",
                    "util_all": 7,
                    "util_non_wifi": 0,
                    "util_rx_in_bss": 0,
                    "util_rx_other_bss": 5,
                    "util_tx": 2,
                    "util_undecodable_wifi": 0,
                    "util_unknown_wifi": 0
                  },
                  "band_5": {
                    "bandwidth": 20,
                    "channel": 132,
                    "dynamic_chaining_enalbed": null,
                    "mac": "003e7363d120",
                    "noise_floor": -90,
                    "num_clients": 0,
                    "power": 12,
                    "rx_bytes": 1173291591,
                    "rx_pkts": 239894134,
                    "tx_bytes": 3986501961,
                    "tx_pkts": 490481963,
                    "usage": "5",
                    "util_all": 33,
                    "util_non_wifi": 0,
                    "util_rx_in_bss": 0,
                    "util_rx_other_bss": 25,
                    "util_tx": 6,
                    "util_undecodable_wifi": 0,
                    "util_unknown_wifi": 2
                  },
                  "band_6": null
                },
                "rx_bps": 0,
                "rx_bytes": 1537340541,
                "rx_pkts": 256615035,
                "serial": "A191023060043",
                "site_id": "978c48e6-6ef6-11e6-8bbf-02e208b2d34f",
                "status": "connected",
                "switch_redundancy": {
                  "num_redundant_aps": 1
                },
                "tx_bps": 0,
                "tx_bytes": 5226380634,
                "tx_pkts": 516775429,
                "uptime": 6464572,
                "usb_stat": null,
                "version": "0.14.29384",
                "x": 1015.467915944534,
                "y": 2008.3698782014117
              },
              {
                "auto_placement": null,
                "auto_upgrade_stat": {
                  "lastcheck": 1720858823
                },
                "ble_stat": {
                  "beacon_enabled": true,
                  "beacon_rate": 4,
                  "eddystone_uid_enabled": false,
                  "eddystone_uid_freq_msec": 1000,
                  "eddystone_uid_instance": "a83a7930190f",
                  "eddystone_uid_namespace": "9777c1a06ef611e68bbf",
                  "eddystone_url_enabled": false,
                  "eddystone_url_freq_msec": 1000,
                  "eddystone_url_url": "",
                  "ibeacon_enabled": false,
                  "ibeacon_freq_msec": 1000,
                  "ibeacon_major": 797,
                  "ibeacon_minor": 48832,
                  "ibeacon_uuid": "9777c1a0-6ef6-11e6-8bbf-02e208b2d34f",
                  "major": 797,
                  "minors": [
                    48832,
                    48833,
                    48834,
                    48835,
                    48836,
                    48837,
                    48838,
                    48839,
                    48840,
                    48841
                  ],
                  "power": 8,
                  "rx_bytes": 362604209,
                  "rx_pkts": 9645810,
                  "tx_bytes": 19783636,
                  "tx_pkts": 1176749,
                  "tx_resets": 0,
                  "uuid": "9777c1a0-6ef6-11e6-8bbf-02e208b2d34f"
                },
                "cert_expiry": 1727815781,
                "config_reverted": false,
                "cpu_system": 579356824,
                "cpu_util": 82,
                "created_time": 1696279778,
                "deviceprofile_id": "53396580-9167-4852-b09c-7254b68995d0",
                "env_stat": {
                  "accel_x": -0.008,
                  "accel_y": -0.028,
                  "accel_z": 1,
                  "ambient_temp": 0,
                  "attitude": 0,
                  "cpu_temp": 63,
                  "humidity": 0,
                  "magne_x": 0,
                  "magne_y": 0,
                  "magne_z": 0,
                  "pressure": 0,
                  "vcore_voltage": 0
                },
                "esl_stat": null,
                "ext_ip": "98.51.212.195",
                "fwupdate": {
                  "progress": 100,
                  "status": "success",
                  "status_id": 8,
                  "timestamp": 1714395680.8208418,
                  "will_retry": false
                },
                "hw_rev": "AA",
                "id": "00000000-0000-0000-1000-a83a7930190f",
                "inactive_wired_vlans": [
                  900,
                  21
                ],
                "iot_stat": {},
                "ip": "10.100.0.128",
                "ip_config": {
                  "dns": [],
                  "dns_suffix": [],
                  "gateway": null,
                  "gateway6": null,
                  "ip": null,
                  "ip6": null,
                  "mtu": 0,
                  "netmask": null,
                  "netmask6": null,
                  "type": "dhcp",
                  "type6": null,
                  "vlan_id": null
                },
                "ip_stat": {
                  "dhcp_server": "10.100.0.1",
                  "dns": [
                    "1.1.1.1",
                    "2.2.2.2"
                  ],
                  "dns_suffix": null,
                  "gateway": "10.100.0.1",
                  "gateway6": null,
                  "ip": "10.100.0.128",
                  "ip6": "fe80:0:0:0:aa3a:79ff:fe30:190f",
                  "ips": {
                    "vlan1": "10.100.0.128/23,fe80:0:0:0:aa3a:79ff:fe30:190f/64",
                    "vlan2": "fe80:0:0:0:aa3a:79ff:fe30:190f/64"
                  },
                  "netmask": "255.255.254.0",
                  "netmask6": "/64"
                },
                "l2tp_stat": {},
                "last_seen": 1720860292,
                "last_trouble": {
                  "code": "07",
                  "timestamp": 1719540433
                },
                "led": null,
                "lldp_stat": {
                  "chassis_id": "60:c7:8d:93:9c:0f",
                  "lldp_med_supported": true,
                  "mgmt_addr": "60-c7-8d-93-9c-0f",
                  "mgmt_addrs": [
                    "60-c7-8d-93-9c-0f"
                  ],
                  "port_desc": "mge-0/0/8",
                  "port_id": "mge-0/0/8",
                  "power_allocated": 0,
                  "power_draw": 30300,
                  "power_request_count": 207081,
                  "power_requested": 30200,
                  "system_desc": "Juniper Networks, Inc. ex4100-48mp Ethernet Switch, kernel JUNOS 22.4R3.25, Build date: 2024-02-10 00:49:09 UTC Copyright (c) 1996-2024 Juniper Networks, Inc.",
                  "system_name": "ld-cup-idf-bb"
                },
                "locating": false,
                "locked": null,
                "mac": "a83a7930190f",
                "map_id": "21f849d4-d12f-4feb-b40f-5be0e2aef8cf",
                "mem_used_kb": 595532,
                "mesh_downlinks": null,
                "mesh_uplink": null,
                "model": "AP45",
                "modified_time": 1720637052,
                "mount": "facedown",
                "name": "LD_DataScience",
                "notes": "",
                "num_clients": 7,
                "org_id": "9777c1a0-6ef6-11e6-8bbf-02e208b2d34f",
                "port_stat": {
                  "eth0": {
                    "full_duplex": true,
                    "rx_bytes": 373404226281,
                    "rx_errors": 0,
                    "rx_pkts": 536363696,
                    "speed": 2500,
                    "tx_bytes": 330386729303,
                    "tx_pkts": 586612428,
                    "up": true
                  },
                  "eth1": {
                    "full_duplex": false,
                    "rx_bytes": 0,
                    "rx_errors": 0,
                    "rx_pkts": 0,
                    "speed": 0,
                    "tx_bytes": 0,
                    "tx_pkts": 0,
                    "up": false
                  }
                },
                "power_budget": 20700,
                "power_constrained": false,
                "power_opmode": "",
                "power_src": "PoE 802.3bt",
                "radio_stat": {
                  "band_24": {
                    "bandwidth": 20,
                    "channel": 36,
                    "dynamic_chaining_enalbed": null,
                    "mac": "a83a7934bb60",
                    "noise_floor": -99,
                    "num_clients": 5,
                    "power": 11,
                    "rx_bytes": 2433466847,
                    "rx_pkts": 234122554,
                    "tx_bytes": 3727654959,
                    "tx_pkts": 192656105,
                    "usage": "5",
                    "util_all": 54,
                    "util_non_wifi": 3,
                    "util_rx_in_bss": 0,
                    "util_rx_other_bss": 41,
                    "util_tx": 8,
                    "util_undecodable_wifi": 0,
                    "util_unknown_wifi": 1
                  },
                  "band_5": {
                    "bandwidth": 20,
                    "channel": 132,
                    "dynamic_chaining_enalbed": null,
                    "mac": "a83a7934bb50",
                    "noise_floor": -97,
                    "num_clients": 1,
                    "power": 11,
                    "rx_bytes": 1868052536,
                    "rx_pkts": 308166371,
                    "tx_bytes": 4022232985,
                    "tx_pkts": 222155789,
                    "usage": "5",
                    "util_all": 38,
                    "util_non_wifi": 1,
                    "util_rx_in_bss": 0,
                    "util_rx_other_bss": 30,
                    "util_tx": 6,
                    "util_undecodable_wifi": 0,
                    "util_unknown_wifi": 1
                  },
                  "band_6": {
                    "bandwidth": 160,
                    "channel": 197,
                    "dynamic_chaining_enalbed": null,
                    "mac": "a83a7934bb40",
                    "noise_floor": -90,
                    "num_clients": 1,
                    "power": 14,
                    "rx_bytes": 2429646149,
                    "rx_pkts": 31185914,
                    "tx_bytes": 658974582,
                    "tx_pkts": 42947566,
                    "usage": "6",
                    "util_all": 15,
                    "util_non_wifi": 6,
                    "util_rx_in_bss": 0,
                    "util_rx_other_bss": 5,
                    "util_tx": 2,
                    "util_undecodable_wifi": 1,
                    "util_unknown_wifi": 1
                  }
                },
                "rx_bps": 153127,
                "rx_bytes": 6731165532,
                "rx_pkts": 573474839,
                "serial": "A160823021200",
                "site_id": "978c48e6-6ef6-11e6-8bbf-02e208b2d34f",
                "status": "connected",
                "switch_redundancy": {
                  "num_redundant_aps": 1
                },
                "tx_bps": 8595,
                "tx_bytes": 8408862526,
                "tx_pkts": 457759460,
                "uptime": 6464589,
                "usb_stat": null,
                "version": "0.14.29384",
                "x": 844.3748834852237,
                "y": 1149.2549542499871
              }
            ],
            "duration": null,
            "end": null,
            "mac": null,
            "org_id": "9777c1a0-6ef6-11e6-8bbf-02e208b2d34f",
            "site_id": null,
            "start": null,
            "status": null
          },
          "sensitive_attributes": []
        }
      ]
    },
    {
      "mode": "managed",
      "type": "mist_org",
      "name": "terraform_test",
      "provider": "provider[\"registry.terraform.io/juniper/mist\"]",
      "instances": [
        {
          "schema_version": 0,
          "attributes": {
            "alarmtemplate_id": null,
            "allow_mist": true,
            "id": "992bf4b9-c900-4850-9992-107b2f9df928",
            "msp_id": null,
            "msp_logo_url": null,
            "msp_name": null,
            "name": "Terraform Testing",
            "orggroup_ids": [],
            "session_expiry": 1440
          },
          "sensitive_attributes": []
        }
      ]
    }
  ],
  "check_results": null
}
