{
  "version": 4,
  "terraform_version": "1.9.2",
  "serial": 1,
  "lineage": "8c3d80c3-bd4f-51c4-fd25-9d59f0e923da",
  "outputs": {},
  "resources": [
    {
      "mode": "data",
      "type": "mist_org_deviceprofiles_ap",
      "name": "dpa",
      "provider": "provider[\"registry.terraform.io/juniper/mist\"]",
      "instances": [
        {
          "schema_version": 0,
          "attributes": {
            "deviceprofiles": [],
            "org_id": "9777c1a0-6ef6-11e6-8bbf-02e208b2d34f"
          },
          "sensitive_attributes": []
        }
      ]
    },
    {
      "mode": "data",
      "type": "mist_org_deviceprofiles_gateway",
      "name": "dpg",
      "provider": "provider[\"registry.terraform.io/juniper/mist\"]",
      "instances": [
        {
          "schema_version": 0,
          "attributes": {
            "deviceprofiles": [],
            "org_id": "9777c1a0-6ef6-11e6-8bbf-02e208b2d34f"
          },
          "sensitive_attributes": []
        }
      ]
    },
    {
      "mode": "data",
      "type": "mist_org_sitegroups",
      "name": "test",
      "provider": "provider[\"registry.terraform.io/juniper/mist\"]",
      "instances": [
        {
          "schema_version": 0,
          "attributes": {
            "org_id": "9777c1a0-6ef6-11e6-8bbf-02e208b2d34f",
            "org_sitegroups": [
              {
                "created_time": 1521054456,
                "id": "7a27ca33-aa79-4917-908a-ac3d62aec316",
                "modified_time": 1700790936,
                "name": "Testbed",
                "org_id": "9777c1a0-6ef6-11e6-8bbf-02e208b2d34f",
                "site_ids": []
              },
              {
                "created_time": 1521054482,
                "id": "69323cab-5178-492e-ada8-205506f3ff21",
                "modified_time": 1700789987,
                "name": "Real use",
                "org_id": "9777c1a0-6ef6-11e6-8bbf-02e208b2d34f",
                "site_ids": [
                  "978c48e6-6ef6-11e6-8bbf-02e208b2d34f"
                ]
              },
              {
                "created_time": 1569915870,
                "id": "1b36add9-1dc3-45f3-a24c-62ac68001000",
                "modified_time": 1569915877,
                "name": "promocash",
                "org_id": "9777c1a0-6ef6-11e6-8bbf-02e208b2d34f",
                "site_ids": []
              },
              {
                "created_time": 1569915870,
                "id": "446aaaab-0996-4ef3-a394-22afe37ad270",
                "modified_time": 1700790605,
                "name": "warehouse",
                "org_id": "9777c1a0-6ef6-11e6-8bbf-02e208b2d34f",
                "site_ids": []
              },
              {
                "created_time": 1569915876,
                "id": "337e9082-d73b-43e2-a523-c2eb91173a70",
                "modified_time": 1696009638,
                "name": "promocash",
                "org_id": "9777c1a0-6ef6-11e6-8bbf-02e208b2d34f",
                "site_ids": []
              },
              {
                "created_time": 1569915876,
                "id": "e27b0978-03e5-4060-a002-26a7d3ac8916",
                "modified_time": 1569915877,
                "name": "warehouse",
                "org_id": "9777c1a0-6ef6-11e6-8bbf-02e208b2d34f",
                "site_ids": [
                  "978c48e6-6ef6-11e6-8bbf-02e208b2d34f"
                ]
              },
              {
                "created_time": 1572262068,
                "id": "0e2960c4-a28b-4df4-a77f-ad6781ad3b10",
                "modified_time": 1572262165,
                "name": "Abhi",
                "org_id": "9777c1a0-6ef6-11e6-8bbf-02e208b2d34f",
                "site_ids": [
                  "978c48e6-6ef6-11e6-8bbf-02e208b2d34f"
                ]
              },
              {
                "created_time": 1589484324,
                "id": "d8a0371b-547b-425b-8b3e-ca8fb5b4cfb2",
                "modified_time": 1591916873,
                "name": "Home Users Delete",
                "org_id": "9777c1a0-6ef6-11e6-8bbf-02e208b2d34f",
                "site_ids": []
              },
              {
                "created_time": 1594310650,
                "id": "1714f01a-47f6-4f0c-8dab-4cd36b04ff8d",
                "modified_time": 1594310754,
                "name": "WG-STORE-BETA",
                "org_id": "9777c1a0-6ef6-11e6-8bbf-02e208b2d34f",
                "site_ids": []
              },
              {
                "created_time": 1594310650,
                "id": "67bf8c0c-a6c1-404a-8fc4-4f0ac9cc481f",
                "modified_time": 1594412127,
                "name": "WG-STORE-PROD",
                "org_id": "9777c1a0-6ef6-11e6-8bbf-02e208b2d34f",
                "site_ids": []
              },
              {
                "created_time": 1594310650,
                "id": "e20d13ad-0e7b-4902-ac4f-ca033170a5dc",
                "modified_time": 1594412112,
                "name": "RA-STORE-PROD",
                "org_id": "9777c1a0-6ef6-11e6-8bbf-02e208b2d34f",
                "site_ids": []
              },
              {
                "created_time": 1598376874,
                "id": "c8608da4-a960-4ee5-8829-f68e87a46bc3",
                "modified_time": 1692119840,
                "name": "Remote Users",
                "org_id": "9777c1a0-6ef6-11e6-8bbf-02e208b2d34f",
                "site_ids": []
              },
              {
                "created_time": 1624955405,
                "id": "bbfd7c92-dc48-4798-82f3-ad269e7099d4",
                "modified_time": 1700790605,
                "name": "test-site-groups",
                "org_id": "9777c1a0-6ef6-11e6-8bbf-02e208b2d34f",
                "site_ids": []
              },
              {
                "created_time": 1663251708,
                "id": "463c49b7-feec-492c-ba85-e7ca17c2bb96",
                "modified_time": 1663254873,
                "name": "Prod_Label",
                "org_id": "9777c1a0-6ef6-11e6-8bbf-02e208b2d34f",
                "site_ids": []
              },
              {
                "created_time": 1697642391,
                "id": "699d286c-ad12-45b5-a522-af462a6cb597",
                "modified_time": 1716417421,
                "name": "DG_PROD_STORE",
                "org_id": "9777c1a0-6ef6-11e6-8bbf-02e208b2d34f",
                "site_ids": []
              },
              {
                "created_time": 1697642496,
                "id": "eca1158d-67f6-4690-a987-6749cfff1393",
                "modified_time": 1716417421,
                "name": "STORE_IOT",
                "org_id": "9777c1a0-6ef6-11e6-8bbf-02e208b2d34f",
                "site_ids": []
              },
              {
                "created_time": 1712492433,
                "id": "f64e8100-fc09-4f88-b4e9-399decbe47e5",
                "modified_time": 1719331590,
                "name": "demo_sites",
                "org_id": "9777c1a0-6ef6-11e6-8bbf-02e208b2d34f",
                "site_ids": [
                  "5d3eb59c-7fd9-4605-abc9-6e70a9290eaf",
                  "81e8deb4-b005-404e-8b07-b352b7686101"
                ]
              },
              {
                "created_time": 1715358574,
                "id": "32c4f2d0-a990-49b9-bfb6-3bfd2c9ec064",
                "modified_time": 1719330977,
                "name": "demo_teleworkers",
                "org_id": "9777c1a0-6ef6-11e6-8bbf-02e208b2d34f",
                "site_ids": [
                  "c3ecfc8c-479b-45fd-a974-e68806735fcc"
                ]
              },
              {
                "created_time": 1715359419,
                "id": "de39b20e-4b2d-44e9-b375-a997186b7d50",
                "modified_time": 1719331553,
                "name": "sdwan_srx_spokes",
                "org_id": "9777c1a0-6ef6-11e6-8bbf-02e208b2d34f",
                "site_ids": []
              },
              {
                "created_time": 1715360197,
                "id": "7a5b54c8-68c3-4c51-bb54-52b0dbcefa74",
                "modified_time": 1719341471,
                "name": "demo_campus_dc1",
                "org_id": "9777c1a0-6ef6-11e6-8bbf-02e208b2d34f",
                "site_ids": [
                  "83c31971-ad70-4419-ae20-7f2b90748986"
                ]
              }
            ]
          },
          "sensitive_attributes": []
        }
      ]
    },
    {
      "mode": "managed",
      "type": "mist_org",
      "name": "terraform_test",
      "provider": "provider[\"registry.terraform.io/juniper/mist\"]",
      "instances": [
        {
          "schema_version": 0,
          "attributes": {
            "alarmtemplate_id": null,
            "allow_mist": true,
            "id": "f9d05c6e-0cc9-48ad-9b50-c40ae595fbf5",
            "msp_id": null,
            "msp_logo_url": null,
            "msp_name": null,
            "name": "Terraform Testing",
            "orggroup_ids": [],
            "session_expiry": 1440
          },
          "sensitive_attributes": []
        }
      ]
    }
  ],
  "check_results": null
}
