{
  "version": 4,
  "terraform_version": "1.9.2",
  "serial": 1379,
  "lineage": "20532229-881e-4371-f1fd-11d081e97e25",
  "outputs": {},
  "resources": [
    {
      "mode": "data",
      "type": "mist_countries",
      "name": "test",
      "provider": "provider[\"registry.terraform.io/juniper/mist\"]",
      "instances": [
        {
          "schema_version": 0,
          "attributes": {
            "countries": [
              {
                "alpha2": "AD",
                "certified": true,
                "name": "Andorra",
                "numeric": 20
              },
              {
                "alpha2": "AE",
                "certified": true,
                "name": "United Arab Emirates",
                "numeric": 784
              },
              {
                "alpha2": "AG",
                "certified": true,
                "name": "Antigua and Barbuda",
                "numeric": 28
              },
              {
                "alpha2": "AI",
                "certified": true,
                "name": "Anguilla",
                "numeric": 660
              },
              {
                "alpha2": "AL",
                "certified": true,
                "name": "Albania",
                "numeric": 8
              },
              {
                "alpha2": "AM",
                "certified": true,
                "name": "Armenia",
                "numeric": 51
              },
              {
                "alpha2": "AN",
                "certified": false,
                "name": "Netherlands Antilles",
                "numeric": 530
              },
              {
                "alpha2": "AO",
                "certified": true,
                "name": "Angola",
                "numeric": 24
              },
              {
                "alpha2": "AR",
                "certified": true,
                "name": "Argentina",
                "numeric": 32
              },
              {
                "alpha2": "AS",
                "certified": true,
                "name": "American Samoa",
                "numeric": 16
              },
              {
                "alpha2": "AT",
                "certified": true,
                "name": "Austria",
                "numeric": 40
              },
              {
                "alpha2": "AU",
                "certified": true,
                "name": "Australia",
                "numeric": 36
              },
              {
                "alpha2": "AW",
                "certified": true,
                "name": "Aruba",
                "numeric": 533
              },
              {
                "alpha2": "AZ",
                "certified": true,
                "name": "Azerbaijan",
                "numeric": 31
              },
              {
                "alpha2": "BA",
                "certified": true,
                "name": "Bosnia and Herzegovina",
                "numeric": 70
              },
              {
                "alpha2": "BB",
                "certified": true,
                "name": "Barbados",
                "numeric": 52
              },
              {
                "alpha2": "BD",
                "certified": true,
                "name": "Bangladesh",
                "numeric": 50
              },
              {
                "alpha2": "BE",
                "certified": true,
                "name": "Belgium",
                "numeric": 56
              },
              {
                "alpha2": "BG",
                "certified": true,
                "name": "Bulgaria",
                "numeric": 100
              },
              {
                "alpha2": "BH",
                "certified": true,
                "name": "Bahrain",
                "numeric": 48
              },
              {
                "alpha2": "BJ",
                "certified": true,
                "name": "Benin",
                "numeric": 204
              },
              {
                "alpha2": "BM",
                "certified": true,
                "name": "Bermuda",
                "numeric": 60
              },
              {
                "alpha2": "BN",
                "certified": false,
                "name": "Brunei Darussalam",
                "numeric": 96
              },
              {
                "alpha2": "BO",
                "certified": true,
                "name": "Bolivia",
                "numeric": 68
              },
              {
                "alpha2": "BR",
                "certified": true,
                "name": "Brazil",
                "numeric": 76
              },
              {
                "alpha2": "BS",
                "certified": true,
                "name": "Bahamas",
                "numeric": 44
              },
              {
                "alpha2": "BY",
                "certified": true,
                "name": "Belarus",
                "numeric": 112
              },
              {
                "alpha2": "BZ",
                "certified": true,
                "name": "Belize",
                "numeric": 84
              },
              {
                "alpha2": "CA",
                "certified": true,
                "name": "Canada",
                "numeric": 124
              },
              {
                "alpha2": "CH",
                "certified": true,
                "name": "Switzerland",
                "numeric": 756
              },
              {
                "alpha2": "CI",
                "certified": true,
                "name": "Côte d'Ivoire",
                "numeric": 384
              },
              {
                "alpha2": "CL",
                "certified": true,
                "name": "Chile",
                "numeric": 152
              },
              {
                "alpha2": "CM",
                "certified": true,
                "name": "Cameroon",
                "numeric": 120
              },
              {
                "alpha2": "CN",
                "certified": true,
                "name": "China",
                "numeric": 156
              },
              {
                "alpha2": "CO",
                "certified": true,
                "name": "Colombia",
                "numeric": 170
              },
              {
                "alpha2": "CR",
                "certified": true,
                "name": "Costa Rica",
                "numeric": 188
              },
              {
                "alpha2": "CV",
                "certified": true,
                "name": "Cabo Verde",
                "numeric": 132
              },
              {
                "alpha2": "CY",
                "certified": true,
                "name": "Cyprus",
                "numeric": 196
              },
              {
                "alpha2": "CZ",
                "certified": true,
                "name": "Czech Republic",
                "numeric": 203
              },
              {
                "alpha2": "DE",
                "certified": true,
                "name": "Germany",
                "numeric": 276
              },
              {
                "alpha2": "DK",
                "certified": true,
                "name": "Denmark",
                "numeric": 208
              },
              {
                "alpha2": "DO",
                "certified": true,
                "name": "Dominican Republic",
                "numeric": 214
              },
              {
                "alpha2": "DZ",
                "certified": false,
                "name": "Algeria",
                "numeric": 12
              },
              {
                "alpha2": "EC",
                "certified": true,
                "name": "Ecuador",
                "numeric": 218
              },
              {
                "alpha2": "EE",
                "certified": true,
                "name": "Estonia",
                "numeric": 233
              },
              {
                "alpha2": "EG",
                "certified": true,
                "name": "Egypt",
                "numeric": 818
              },
              {
                "alpha2": "ES",
                "certified": true,
                "name": "Spain",
                "numeric": 724
              },
              {
                "alpha2": "ET",
                "certified": true,
                "name": "Ethiopia",
                "numeric": 231
              },
              {
                "alpha2": "FI",
                "certified": true,
                "name": "Finland",
                "numeric": 246
              },
              {
                "alpha2": "FJ",
                "certified": true,
                "name": "Fiji",
                "numeric": 242
              },
              {
                "alpha2": "FM",
                "certified": true,
                "name": "Micronesia",
                "numeric": 583
              },
              {
                "alpha2": "FO",
                "certified": true,
                "name": "Faroe Islands",
                "numeric": 234
              },
              {
                "alpha2": "FR",
                "certified": true,
                "name": "France",
                "numeric": 250
              },
              {
                "alpha2": "GA",
                "certified": true,
                "name": "Gabon",
                "numeric": 266
              },
              {
                "alpha2": "GB",
                "certified": true,
                "name": "United Kingdom",
                "numeric": 826
              },
              {
                "alpha2": "GD",
                "certified": true,
                "name": "Grenada",
                "numeric": 308
              },
              {
                "alpha2": "GE",
                "certified": true,
                "name": "Georgia",
                "numeric": 268
              },
              {
                "alpha2": "GG",
                "certified": true,
                "name": "Guernsey",
                "numeric": 831
              },
              {
                "alpha2": "GH",
                "certified": true,
                "name": "Ghana",
                "numeric": 288
              },
              {
                "alpha2": "GI",
                "certified": true,
                "name": "Gibraltar",
                "numeric": 292
              },
              {
                "alpha2": "GL",
                "certified": true,
                "name": "Greenland",
                "numeric": 304
              },
              {
                "alpha2": "GR",
                "certified": true,
                "name": "Greece",
                "numeric": 300
              },
              {
                "alpha2": "GT",
                "certified": true,
                "name": "Guatemala",
                "numeric": 320
              },
              {
                "alpha2": "GU",
                "certified": true,
                "name": "Guam",
                "numeric": 316
              },
              {
                "alpha2": "GY",
                "certified": true,
                "name": "Guyana",
                "numeric": 328
              },
              {
                "alpha2": "HK",
                "certified": true,
                "name": "Hong Kong",
                "numeric": 344
              },
              {
                "alpha2": "HN",
                "certified": true,
                "name": "Honduras",
                "numeric": 340
              },
              {
                "alpha2": "HR",
                "certified": true,
                "name": "Croatia",
                "numeric": 191
              },
              {
                "alpha2": "HT",
                "certified": true,
                "name": "Haiti",
                "numeric": 332
              },
              {
                "alpha2": "HU",
                "certified": true,
                "name": "Hungary",
                "numeric": 348
              },
              {
                "alpha2": "ID",
                "certified": true,
                "name": "Indonesia",
                "numeric": 360
              },
              {
                "alpha2": "IE",
                "certified": true,
                "name": "Ireland",
                "numeric": 372
              },
              {
                "alpha2": "IL",
                "certified": true,
                "name": "Israel",
                "numeric": 376
              },
              {
                "alpha2": "IN",
                "certified": true,
                "name": "India",
                "numeric": 356
              },
              {
                "alpha2": "IQ",
                "certified": true,
                "name": "Iraq",
                "numeric": 368
              },
              {
                "alpha2": "IS",
                "certified": true,
                "name": "Iceland",
                "numeric": 352
              },
              {
                "alpha2": "IT",
                "certified": true,
                "name": "Italy",
                "numeric": 380
              },
              {
                "alpha2": "JM",
                "certified": false,
                "name": "Jamaica",
                "numeric": 388
              },
              {
                "alpha2": "JO",
                "certified": true,
                "name": "Jordan",
                "numeric": 400
              },
              {
                "alpha2": "JP",
                "certified": true,
                "name": "Japan",
                "numeric": 392
              },
              {
                "alpha2": "KE",
                "certified": true,
                "name": "Kenya",
                "numeric": 404
              },
              {
                "alpha2": "KH",
                "certified": true,
                "name": "Cambodia",
                "numeric": 116
              },
              {
                "alpha2": "KN",
                "certified": true,
                "name": "Saint Kitts and Nevis",
                "numeric": 659
              },
              {
                "alpha2": "KR",
                "certified": true,
                "name": "Korea Republic",
                "numeric": 410
              },
              {
                "alpha2": "KW",
                "certified": true,
                "name": "Kuwait",
                "numeric": 414
              },
              {
                "alpha2": "KY",
                "certified": true,
                "name": "Cayman Islands",
                "numeric": 136
              },
              {
                "alpha2": "KZ",
                "certified": true,
                "name": "Kazakhstan",
                "numeric": 398
              },
              {
                "alpha2": "LB",
                "certified": true,
                "name": "Lebanon",
                "numeric": 422
              },
              {
                "alpha2": "LC",
                "certified": true,
                "name": "Saint Lucia",
                "numeric": 662
              },
              {
                "alpha2": "LI",
                "certified": true,
                "name": "Liechtenstein",
                "numeric": 438
              },
              {
                "alpha2": "LK",
                "certified": true,
                "name": "Sri Lanka",
                "numeric": 144
              },
              {
                "alpha2": "LT",
                "certified": true,
                "name": "Lithuania",
                "numeric": 440
              },
              {
                "alpha2": "LU",
                "certified": true,
                "name": "Luxembourg",
                "numeric": 442
              },
              {
                "alpha2": "LV",
                "certified": true,
                "name": "Latvia",
                "numeric": 428
              },
              {
                "alpha2": "LY",
                "certified": true,
                "name": "Libya",
                "numeric": 434
              },
              {
                "alpha2": "MA",
                "certified": true,
                "name": "Morocco",
                "numeric": 504
              },
              {
                "alpha2": "MC",
                "certified": true,
                "name": "Monaco",
                "numeric": 492
              },
              {
                "alpha2": "MD",
                "certified": true,
                "name": "Moldova",
                "numeric": 498
              },
              {
                "alpha2": "ME",
                "certified": true,
                "name": "Montenegro",
                "numeric": 499
              },
              {
                "alpha2": "MF",
                "certified": true,
                "name": "Saint Martin",
                "numeric": 663
              },
              {
                "alpha2": "MK",
                "certified": true,
                "name": "Macedonia",
                "numeric": 807
              },
              {
                "alpha2": "ML",
                "certified": true,
                "name": "Mali",
                "numeric": 466
              },
              {
                "alpha2": "MO",
                "certified": true,
                "name": "Macau",
                "numeric": 446
              },
              {
                "alpha2": "MP",
                "certified": true,
                "name": "Northern Mariana Islands",
                "numeric": 580
              },
              {
                "alpha2": "MT",
                "certified": true,
                "name": "Malta",
                "numeric": 470
              },
              {
                "alpha2": "MU",
                "certified": true,
                "name": "Mauritius",
                "numeric": 480
              },
              {
                "alpha2": "MV",
                "certified": true,
                "name": "Maldives",
                "numeric": 462
              },
              {
                "alpha2": "MX",
                "certified": true,
                "name": "Mexico",
                "numeric": 484
              },
              {
                "alpha2": "MY",
                "certified": true,
                "name": "Malaysia",
                "numeric": 458
              },
              {
                "alpha2": "MZ",
                "certified": true,
                "name": "Mozambique",
                "numeric": 508
              },
              {
                "alpha2": "NA",
                "certified": true,
                "name": "Namibia",
                "numeric": 516
              },
              {
                "alpha2": "NG",
                "certified": true,
                "name": "Nigeria",
                "numeric": 566
              },
              {
                "alpha2": "NI",
                "certified": true,
                "name": "Nicaragua",
                "numeric": 558
              },
              {
                "alpha2": "NL",
                "certified": true,
                "name": "Netherlands",
                "numeric": 528
              },
              {
                "alpha2": "NO",
                "certified": true,
                "name": "Norway",
                "numeric": 578
              },
              {
                "alpha2": "NP",
                "certified": false,
                "name": "Nepal",
                "numeric": 524
              },
              {
                "alpha2": "NZ",
                "certified": true,
                "name": "New Zealand",
                "numeric": 554
              },
              {
                "alpha2": "OM",
                "certified": true,
                "name": "Oman",
                "numeric": 512
              },
              {
                "alpha2": "PA",
                "certified": true,
                "name": "Panama",
                "numeric": 591
              },
              {
                "alpha2": "PE",
                "certified": true,
                "name": "Peru",
                "numeric": 604
              },
              {
                "alpha2": "PF",
                "certified": true,
                "name": "French Polynesia",
                "numeric": 258
              },
              {
                "alpha2": "PG",
                "certified": false,
                "name": "Papua New Guinea",
                "numeric": 598
              },
              {
                "alpha2": "PH",
                "certified": true,
                "name": "Philippines",
                "numeric": 608
              },
              {
                "alpha2": "PK",
                "certified": true,
                "name": "Pakistan",
                "numeric": 586
              },
              {
                "alpha2": "PL",
                "certified": true,
                "name": "Poland",
                "numeric": 616
              },
              {
                "alpha2": "PR",
                "certified": true,
                "name": "Puerto Rico",
                "numeric": 630
              },
              {
                "alpha2": "PT",
                "certified": true,
                "name": "Portugal",
                "numeric": 620
              },
              {
                "alpha2": "PW",
                "certified": true,
                "name": "Palau",
                "numeric": 585
              },
              {
                "alpha2": "PY",
                "certified": true,
                "name": "Paraguay",
                "numeric": 600
              },
              {
                "alpha2": "QA",
                "certified": true,
                "name": "Qatar",
                "numeric": 634
              },
              {
                "alpha2": "RE",
                "certified": true,
                "name": "Reunion",
                "numeric": 638
              },
              {
                "alpha2": "RO",
                "certified": true,
                "name": "Romania",
                "numeric": 642
              },
              {
                "alpha2": "RS",
                "certified": true,
                "name": "Serbia",
                "numeric": 688
              },
              {
                "alpha2": "RU",
                "certified": true,
                "name": "Russia",
                "numeric": 643
              },
              {
                "alpha2": "RW",
                "certified": false,
                "name": "Rwanda",
                "numeric": 646
              },
              {
                "alpha2": "SA",
                "certified": true,
                "name": "Saudi Arabia",
                "numeric": 682
              },
              {
                "alpha2": "SE",
                "certified": true,
                "name": "Sweden",
                "numeric": 752
              },
              {
                "alpha2": "SG",
                "certified": true,
                "name": "Singapore",
                "numeric": 702
              },
              {
                "alpha2": "SI",
                "certified": true,
                "name": "Slovenia",
                "numeric": 705
              },
              {
                "alpha2": "SK",
                "certified": true,
                "name": "Slovakia",
                "numeric": 703
              },
              {
                "alpha2": "SM",
                "certified": true,
                "name": "San Marino",
                "numeric": 674
              },
              {
                "alpha2": "SV",
                "certified": true,
                "name": "El Salvador",
                "numeric": 222
              },
              {
                "alpha2": "SZ",
                "certified": true,
                "name": "Eswatini",
                "numeric": 748
              },
              {
                "alpha2": "TC",
                "certified": true,
                "name": "Turks and Caicos Islands",
                "numeric": 796
              },
              {
                "alpha2": "TF",
                "certified": true,
                "name": "French Southern Territories",
                "numeric": 260
              },
              {
                "alpha2": "TG",
                "certified": true,
                "name": "Togo",
                "numeric": 768
              },
              {
                "alpha2": "TH",
                "certified": true,
                "name": "Thailand",
                "numeric": 764
              },
              {
                "alpha2": "TN",
                "certified": false,
                "name": "Tunisia",
                "numeric": 788
              },
              {
                "alpha2": "TR",
                "certified": true,
                "name": "Turkey",
                "numeric": 792
              },
              {
                "alpha2": "TT",
                "certified": true,
                "name": "Trinidad and Tobago",
                "numeric": 780
              },
              {
                "alpha2": "TW",
                "certified": true,
                "name": "Taiwan",
                "numeric": 158
              },
              {
                "alpha2": "TZ",
                "certified": true,
                "name": "Tanzania",
                "numeric": 834
              },
              {
                "alpha2": "UA",
                "certified": true,
                "name": "Ukraine",
                "numeric": 804
              },
              {
                "alpha2": "UG",
                "certified": false,
                "name": "Uganda",
                "numeric": 800
              },
              {
                "alpha2": "US",
                "certified": true,
                "name": "United States",
                "numeric": 840
              },
              {
                "alpha2": "UY",
                "certified": true,
                "name": "Uruguay",
                "numeric": 858
              },
              {
                "alpha2": "UZ",
                "certified": false,
                "name": "Uzbekistan",
                "numeric": 860
              },
              {
                "alpha2": "VA",
                "certified": true,
                "name": "Holy See",
                "numeric": 336
              },
              {
                "alpha2": "VE",
                "certified": true,
                "name": "Venezuela",
                "numeric": 862
              },
              {
                "alpha2": "VI",
                "certified": true,
                "name": "Virgin Islands",
                "numeric": 850
              },
              {
                "alpha2": "VN",
                "certified": true,
                "name": "Viet Nam",
                "numeric": 704
              },
              {
                "alpha2": "WF",
                "certified": true,
                "name": "Wallis and Futuna",
                "numeric": 876
              },
              {
                "alpha2": "XK",
                "certified": true,
                "name": "Kosovo",
                "numeric": 983
              },
              {
                "alpha2": "YE",
                "certified": false,
                "name": "Yemen",
                "numeric": 887
              },
              {
                "alpha2": "ZA",
                "certified": true,
                "name": "South Africa",
                "numeric": 710
              },
              {
                "alpha2": "ZW",
                "certified": false,
                "name": "Zimbabwe",
                "numeric": 716
              },
              {
                "alpha2": "__",
                "certified": false,
                "name": "Any Country",
                "numeric": 0
              }
            ]
          },
          "sensitive_attributes": []
        }
      ]
    },
    {
      "mode": "data",
      "type": "mist_device_ap_stats",
      "name": "example",
      "provider": "provider[\"registry.terraform.io/juniper/mist\"]",
      "instances": [
        {
          "schema_version": 0,
          "attributes": {
            "device_ap_stats": [
              {
                "auto_placement": {
                  "info": {
                    "cluster_number": 1,
                    "orientation_stats": null,
                    "probability_surface": {
                      "radius": 0,
                      "radius_m": 0,
                      "x": 379.5860980869277
                    }
                  },
                  "recommended_anchor": null,
                  "status": "localized",
                  "status_detail": "verified",
                  "use_auto_placement": true,
                  "x": 379.5860980869277,
                  "x_m": 12.548294067382812,
                  "y": 815.1766835318194,
                  "y_m": 26.947975158691406
                },
                "auto_upgrade_stat": {
                  "lastcheck": 1720860636
                },
                "ble_stat": {
                  "beacon_enabled": true,
                  "beacon_rate": 4,
                  "eddystone_uid_enabled": false,
                  "eddystone_uid_freq_msec": 1000,
                  "eddystone_uid_instance": "a83a79301a40",
                  "eddystone_uid_namespace": "9777c1a06ef611e68bbf",
                  "eddystone_url_enabled": false,
                  "eddystone_url_freq_msec": 1000,
                  "eddystone_url_url": "",
                  "ibeacon_enabled": false,
                  "ibeacon_freq_msec": 1000,
                  "ibeacon_major": 732,
                  "ibeacon_minor": 40528,
                  "ibeacon_uuid": "9777c1a0-6ef6-11e6-8bbf-02e208b2d34f",
                  "major": 732,
                  "minors": [
                    40528,
                    40529,
                    40530,
                    40531,
                    40532,
                    40533,
                    40534,
                    40535,
                    40536,
                    40537
                  ],
                  "power": 8,
                  "rx_bytes": 1226451290,
                  "rx_pkts": 142614600,
                  "tx_bytes": 279296397,
                  "tx_pkts": 16601475,
                  "tx_resets": 0,
                  "uuid": "9777c1a0-6ef6-11e6-8bbf-02e208b2d34f"
                },
                "cert_expiry": 1744988409,
                "config_reverted": false,
                "cpu_system": 283281027,
                "cpu_util": 81,
                "created_time": 1683125138,
                "deviceprofile_id": "53396580-9167-4852-b09c-7254b68995d0",
                "env_stat": {
                  "accel_x": -0.016,
                  "accel_y": -0.024,
                  "accel_z": 1.016,
                  "ambient_temp": 0,
                  "attitude": 0,
                  "cpu_temp": 62,
                  "humidity": 0,
                  "magne_x": 0,
                  "magne_y": 0,
                  "magne_z": 0,
                  "pressure": 0,
                  "vcore_voltage": 0
                },
                "esl_stat": null,
                "ext_ip": "98.51.212.195",
                "fwupdate": {
                  "progress": 100,
                  "status": "success",
                  "status_id": 8,
                  "timestamp": 1714395683.0354548,
                  "will_retry": false
                },
                "hw_rev": "AA",
                "id": "00000000-0000-0000-1000-a83a79301a40",
                "inactive_wired_vlans": [
                  24,
                  900,
                  21
                ],
                "iot_stat": {},
                "ip": "10.100.0.142",
                "ip_config": {
                  "dns": [],
                  "dns_suffix": [],
                  "gateway": null,
                  "gateway6": null,
                  "ip": null,
                  "ip6": null,
                  "mtu": 0,
                  "netmask": null,
                  "netmask6": null,
                  "type": "dhcp",
                  "type6": null,
                  "vlan_id": null
                },
                "ip_stat": {
                  "dhcp_server": "10.100.0.1",
                  "dns": [
                    "1.1.1.1",
                    "2.2.2.2"
                  ],
                  "dns_suffix": null,
                  "gateway": "10.100.0.1",
                  "gateway6": null,
                  "ip": "10.100.0.142",
                  "ip6": "fe80:0:0:0:aa3a:79ff:fe30:1a40",
                  "ips": {
                    "vlan1": "10.100.0.142/23,fe80:0:0:0:aa3a:79ff:fe30:1a40/64",
                    "vlan2": "fe80:0:0:0:aa3a:79ff:fe30:1a40/64"
                  },
                  "netmask": "255.255.254.0",
                  "netmask6": "/64"
                },
                "l2tp_stat": {},
                "last_seen": 1720863938,
                "last_trouble": {
                  "code": "07",
                  "timestamp": 1719540425
                },
                "led": null,
                "lldp_stat": {
                  "chassis_id": "60:c7:8d:93:b0:0f",
                  "lldp_med_supported": true,
                  "mgmt_addr": "60-c7-8d-93-b0-0f",
                  "mgmt_addrs": [
                    "60-c7-8d-93-b0-0f"
                  ],
                  "port_desc": "mge-0/0/0",
                  "port_id": "mge-0/0/0",
                  "power_allocated": 30300,
                  "power_draw": 30300,
                  "power_request_count": 7,
                  "power_requested": 30300,
                  "system_desc": "Juniper Networks, Inc. ex4100-48mp Ethernet Switch, kernel JUNOS 23.2R2.21, Build date: 2024-03-26 22:44:22 UTC Copyright (c) 1996-2024 Juniper Networks, Inc.",
                  "system_name": "ld-cup-idf-c"
                },
                "locating": false,
                "locked": null,
                "mac": "a83a79301a40",
                "map_id": "21f849d4-d12f-4feb-b40f-5be0e2aef8cf",
                "mem_used_kb": 539928,
                "mesh_downlinks": null,
                "mesh_uplink": null,
                "model": "AP45",
                "modified_time": 1706805405,
                "mount": "facedown",
                "name": "LD_Marvis",
                "notes": "",
                "num_clients": 0,
                "org_id": "9777c1a0-6ef6-11e6-8bbf-02e208b2d34f",
                "port_stat": {
                  "eth0": {
                    "full_duplex": true,
                    "rx_bytes": 25258419988,
                    "rx_errors": 0,
                    "rx_pkts": 56691957,
                    "speed": 2500,
                    "tx_bytes": 18731663825,
                    "tx_pkts": 26038092,
                    "up": true
                  },
                  "eth1": {
                    "full_duplex": false,
                    "rx_bytes": 0,
                    "rx_errors": 0,
                    "rx_pkts": 0,
                    "speed": 0,
                    "tx_bytes": 0,
                    "tx_pkts": 0,
                    "up": false
                  }
                },
                "power_budget": 0,
                "power_constrained": false,
                "power_opmode": "",
                "power_src": "LLDP",
                "radio_stat": {
                  "band_24": {
                    "bandwidth": 20,
                    "channel": 36,
                    "dynamic_chaining_enalbed": null,
                    "mac": "a83a7934caa0",
                    "noise_floor": -98,
                    "num_clients": 0,
                    "power": 12,
                    "rx_bytes": 957420797,
                    "rx_pkts": 2226354,
                    "tx_bytes": 2612061361,
                    "tx_pkts": 3238813,
                    "usage": "5",
                    "util_all": 63,
                    "util_non_wifi": 5,
                    "util_rx_in_bss": 0,
                    "util_rx_other_bss": 41,
                    "util_tx": 8,
                    "util_undecodable_wifi": 4,
                    "util_unknown_wifi": 5
                  },
                  "band_5": {
                    "bandwidth": 20,
                    "channel": 132,
                    "dynamic_chaining_enalbed": null,
                    "mac": "a83a7934ca90",
                    "noise_floor": -96,
                    "num_clients": 0,
                    "power": 12,
                    "rx_bytes": 70472267,
                    "rx_pkts": 8072344,
                    "tx_bytes": 3298953510,
                    "tx_pkts": 9097287,
                    "usage": "5",
                    "util_all": 44,
                    "util_non_wifi": 1,
                    "util_rx_in_bss": 0,
                    "util_rx_other_bss": 36,
                    "util_tx": 6,
                    "util_undecodable_wifi": 0,
                    "util_unknown_wifi": 1
                  },
                  "band_6": {
                    "bandwidth": 160,
                    "channel": 165,
                    "dynamic_chaining_enalbed": null,
                    "mac": "a83a7934ca80",
                    "noise_floor": -90,
                    "num_clients": 0,
                    "power": 15,
                    "rx_bytes": 2283583930,
                    "rx_pkts": 6180902,
                    "tx_bytes": 2257619982,
                    "tx_pkts": 10934600,
                    "usage": "6",
                    "util_all": 6,
                    "util_non_wifi": 0,
                    "util_rx_in_bss": 0,
                    "util_rx_other_bss": 2,
                    "util_tx": 2,
                    "util_undecodable_wifi": 2,
                    "util_unknown_wifi": 0
                  }
                },
                "rx_bps": 0,
                "rx_bytes": 3311476994,
                "rx_pkts": 16479600,
                "serial": "A16082302123D",
                "site_id": "978c48e6-6ef6-11e6-8bbf-02e208b2d34f",
                "status": "connected",
                "switch_redundancy": {
                  "num_redundant_aps": 1
                },
                "tx_bps": 0,
                "tx_bytes": 8168634853,
                "tx_pkts": 23270700,
                "uptime": 4370287,
                "usb_stat": null,
                "version": "0.14.29384",
                "x": 379.5860886142778,
                "y": 815.176682106072
              },
              {
                "auto_placement": {
                  "info": {
                    "cluster_number": 4,
                    "orientation_stats": null,
                    "probability_surface": {
                      "radius": 0,
                      "radius_m": 0,
                      "x": 1015.4678766048676
                    }
                  },
                  "recommended_anchor": null,
                  "status": "error",
                  "status_detail": "invalid_model",
                  "use_auto_placement": false,
                  "x": 1015.4678766048676,
                  "x_m": 33.56916809082031,
                  "y": 2008.3698670687604,
                  "y_m": 66.3923568725586
                },
                "auto_upgrade_stat": {
                  "lastcheck": 1720861132
                },
                "ble_stat": {
                  "beacon_enabled": true,
                  "beacon_rate": 4,
                  "eddystone_uid_enabled": false,
                  "eddystone_uid_freq_msec": 1000,
                  "eddystone_uid_instance": "003e7307e446",
                  "eddystone_uid_namespace": "9777c1a06ef611e68bbf",
                  "eddystone_url_enabled": false,
                  "eddystone_url_freq_msec": 1000,
                  "eddystone_url_url": "",
                  "ibeacon_enabled": false,
                  "ibeacon_freq_msec": 1000,
                  "ibeacon_major": 773,
                  "ibeacon_minor": 41216,
                  "ibeacon_uuid": "9777c1a0-6ef6-11e6-8bbf-02e208b2d34f",
                  "major": 773,
                  "minors": [
                    41216
                  ],
                  "power": 8,
                  "rx_bytes": 353385409,
                  "rx_pkts": 12203805,
                  "tx_bytes": 91868510,
                  "tx_pkts": 4513729,
                  "tx_resets": 0,
                  "uuid": "9777c1a0-6ef6-11e6-8bbf-02e208b2d34f"
                },
                "cert_expiry": 1722465408,
                "config_reverted": false,
                "cpu_system": 60823541,
                "cpu_util": 30,
                "created_time": 1690929279,
                "deviceprofile_id": "53396580-9167-4852-b09c-7254b68995d0",
                "env_stat": {
                  "accel_x": 0.002,
                  "accel_y": 0.01,
                  "accel_z": 1.041,
                  "ambient_temp": 0,
                  "attitude": 0,
                  "cpu_temp": 50,
                  "humidity": 0,
                  "magne_x": 0,
                  "magne_y": 0,
                  "magne_z": 0,
                  "pressure": 0,
                  "vcore_voltage": 0
                },
                "esl_stat": null,
                "ext_ip": "98.51.212.195",
                "fwupdate": {
                  "progress": 100,
                  "status": "success",
                  "status_id": 8,
                  "timestamp": 1714395685.3955946,
                  "will_retry": false
                },
                "hw_rev": "03",
                "id": "00000000-0000-0000-1000-003e7307e446",
                "inactive_wired_vlans": [
                  24,
                  900,
                  21
                ],
                "iot_stat": {},
                "ip": "10.100.1.22",
                "ip_config": {
                  "dns": [],
                  "dns_suffix": [],
                  "gateway": null,
                  "gateway6": null,
                  "ip": null,
                  "ip6": null,
                  "mtu": 0,
                  "netmask": null,
                  "netmask6": null,
                  "type": "dhcp",
                  "type6": null,
                  "vlan_id": null
                },
                "ip_stat": {
                  "dhcp_server": "10.100.0.1",
                  "dns": [
                    "1.1.1.1",
                    "2.2.2.2"
                  ],
                  "dns_suffix": null,
                  "gateway": "10.100.0.1",
                  "gateway6": null,
                  "ip": "10.100.1.22",
                  "ip6": "fe80:0:0:0:23e:73ff:fe07:e446",
                  "ips": {
                    "vlan1": "10.100.1.22/23,fe80:0:0:0:23e:73ff:fe07:e446/64",
                    "vlan2": "fe80:0:0:0:23e:73ff:fe07:e446/64"
                  },
                  "netmask": "255.255.254.0",
                  "netmask6": "/64"
                },
                "l2tp_stat": {},
                "last_seen": 1720863943,
                "last_trouble": {
                  "code": "07",
                  "timestamp": 1719540414
                },
                "led": null,
                "lldp_stat": {
                  "chassis_id": "60:c7:8d:93:af:0f",
                  "lldp_med_supported": true,
                  "mgmt_addr": "60-c7-8d-93-af-0f",
                  "mgmt_addrs": [
                    "60-c7-8d-93-af-0f"
                  ],
                  "port_desc": "mge-0/0/6",
                  "port_id": "mge-0/0/6",
                  "power_allocated": 13000,
                  "power_draw": 13000,
                  "power_request_count": 1,
                  "power_requested": 13000,
                  "system_desc": "Juniper Networks, Inc. ex4100-48mp Ethernet Switch, kernel JUNOS 22.3R1.12, Build date: 2022-10-05 16:15:33 UTC Copyright (c) 1996-2022 Juniper Networks, Inc.",
                  "system_name": "ld-cup-idf-a-core"
                },
                "locating": false,
                "locked": null,
                "mac": "003e7307e446",
                "map_id": "21f849d4-d12f-4feb-b40f-5be0e2aef8cf",
                "mem_used_kb": 179928,
                "mesh_downlinks": null,
                "mesh_uplink": null,
                "model": "AP24",
                "modified_time": 1720550095,
                "mount": "facedown",
                "name": "LD_Kitchen",
                "notes": "",
                "num_clients": 0,
                "org_id": "9777c1a0-6ef6-11e6-8bbf-02e208b2d34f",
                "port_stat": {
                  "eth0": {
                    "full_duplex": true,
                    "rx_bytes": 734633560810,
                    "rx_errors": 0,
                    "rx_pkts": 602243779,
                    "speed": 2500,
                    "tx_bytes": 83296319669,
                    "tx_pkts": 265199935,
                    "up": true
                  }
                },
                "power_budget": 50,
                "power_constrained": false,
                "power_opmode": "",
                "power_src": "LLDP",
                "radio_stat": {
                  "band_24": {
                    "bandwidth": 160,
                    "channel": 197,
                    "dynamic_chaining_enalbed": null,
                    "mac": "003e7363d140",
                    "noise_floor": -92,
                    "num_clients": 0,
                    "power": 15,
                    "rx_bytes": 364048950,
                    "rx_pkts": 16720901,
                    "tx_bytes": 1239878673,
                    "tx_pkts": 26293466,
                    "usage": "6",
                    "util_all": 7,
                    "util_non_wifi": 0,
                    "util_rx_in_bss": 0,
                    "util_rx_other_bss": 5,
                    "util_tx": 2,
                    "util_undecodable_wifi": 0,
                    "util_unknown_wifi": 1
                  },
                  "band_5": {
                    "bandwidth": 20,
                    "channel": 132,
                    "dynamic_chaining_enalbed": null,
                    "mac": "003e7363d120",
                    "noise_floor": -90,
                    "num_clients": 0,
                    "power": 12,
                    "rx_bytes": 1173291591,
                    "rx_pkts": 239894134,
                    "tx_bytes": 3986501961,
                    "tx_pkts": 490481963,
                    "usage": "5",
                    "util_all": 35,
                    "util_non_wifi": 0,
                    "util_rx_in_bss": 0,
                    "util_rx_other_bss": 26,
                    "util_tx": 6,
                    "util_undecodable_wifi": 0,
                    "util_unknown_wifi": 2
                  },
                  "band_6": null
                },
                "rx_bps": 0,
                "rx_bytes": 1537340541,
                "rx_pkts": 256615035,
                "serial": "A191023060043",
                "site_id": "978c48e6-6ef6-11e6-8bbf-02e208b2d34f",
                "status": "connected",
                "switch_redundancy": {
                  "num_redundant_aps": 1
                },
                "tx_bps": 0,
                "tx_bytes": 5226380634,
                "tx_pkts": 516775429,
                "uptime": 6468240,
                "usb_stat": null,
                "version": "0.14.29384",
                "x": 1015.467915944534,
                "y": 2008.3698782014117
              },
              {
                "auto_placement": {
                  "info": {
                    "cluster_number": 6,
                    "orientation_stats": null,
                    "probability_surface": {
                      "radius": 0,
                      "radius_m": 0,
                      "x": 1009.3950021561676
                    }
                  },
                  "recommended_anchor": null,
                  "status": "error",
                  "status_detail": "invalid_model",
                  "use_auto_placement": false,
                  "x": 1009.3950021561676,
                  "x_m": 33.368412017822266,
                  "y": 1820.8694790081906,
                  "y_m": 60.194000244140625
                },
                "auto_upgrade_stat": {
                  "lastcheck": 1720862882
                },
                "ble_stat": {
                  "beacon_enabled": true,
                  "beacon_rate": 4,
                  "eddystone_uid_enabled": false,
                  "eddystone_uid_freq_msec": 1000,
                  "eddystone_uid_instance": "003e7307e3c9",
                  "eddystone_uid_namespace": "9777c1a06ef611e68bbf",
                  "eddystone_url_enabled": false,
                  "eddystone_url_freq_msec": 1000,
                  "eddystone_url_url": "",
                  "ibeacon_enabled": false,
                  "ibeacon_freq_msec": 1000,
                  "ibeacon_major": 785,
                  "ibeacon_minor": 944,
                  "ibeacon_uuid": "9777c1a0-6ef6-11e6-8bbf-02e208b2d34f",
                  "major": 785,
                  "minors": [
                    944
                  ],
                  "power": 8,
                  "rx_bytes": 2926069,
                  "rx_pkts": 99720,
                  "tx_bytes": 762076,
                  "tx_pkts": 37468,
                  "tx_resets": 0,
                  "uuid": "9777c1a0-6ef6-11e6-8bbf-02e208b2d34f"
                },
                "cert_expiry": 1724341603,
                "config_reverted": false,
                "cpu_system": 65512260,
                "cpu_util": 30,
                "created_time": 1692805518,
                "deviceprofile_id": "53396580-9167-4852-b09c-7254b68995d0",
                "env_stat": {
                  "accel_x": 0.037,
                  "accel_y": 0.007,
                  "accel_z": 1.008,
                  "ambient_temp": 0,
                  "attitude": 0,
                  "cpu_temp": 51,
                  "humidity": 0,
                  "magne_x": 0,
                  "magne_y": 0,
                  "magne_z": 0,
                  "pressure": 0,
                  "vcore_voltage": 0
                },
                "esl_stat": null,
                "ext_ip": "98.51.212.195",
                "fwupdate": {
                  "progress": 100,
                  "status": "inprogress",
                  "status_id": 4,
                  "timestamp": 1714395685.4510927,
                  "will_retry": false
                },
                "hw_rev": "03",
                "id": "00000000-0000-0000-1000-003e7307e3c9",
                "inactive_wired_vlans": [
                  900,
                  21
                ],
                "iot_stat": {},
                "ip": "10.100.0.30",
                "ip_config": {
                  "dns": [],
                  "dns_suffix": [],
                  "gateway": null,
                  "gateway6": null,
                  "ip": null,
                  "ip6": null,
                  "mtu": 0,
                  "netmask": null,
                  "netmask6": null,
                  "type": "dhcp",
                  "type6": null,
                  "vlan_id": null
                },
                "ip_stat": {
                  "dhcp_server": "10.100.0.1",
                  "dns": [
                    "1.1.1.1",
                    "2.2.2.2"
                  ],
                  "dns_suffix": null,
                  "gateway": "10.100.0.1",
                  "gateway6": null,
                  "ip": "10.100.0.30",
                  "ip6": "fe80:0:0:0:23e:73ff:fe07:e3c9",
                  "ips": {
                    "vlan1": "10.100.0.30/23,fe80:0:0:0:23e:73ff:fe07:e3c9/64",
                    "vlan2": "fe80:0:0:0:23e:73ff:fe07:e3c9/64"
                  },
                  "netmask": "255.255.254.0",
                  "netmask6": "/64"
                },
                "l2tp_stat": {},
                "last_seen": 1720863925,
                "last_trouble": {
                  "code": "07",
                  "timestamp": 1719540432
                },
                "led": null,
                "lldp_stat": {
                  "chassis_id": "60:c7:8d:93:9c:0f",
                  "lldp_med_supported": true,
                  "mgmt_addr": "60-c7-8d-93-9c-0f",
                  "mgmt_addrs": [
                    "60-c7-8d-93-9c-0f"
                  ],
                  "port_desc": "mge-0/0/2",
                  "port_id": "mge-0/0/2",
                  "power_allocated": 13000,
                  "power_draw": 13000,
                  "power_request_count": 7,
                  "power_requested": 13000,
                  "system_desc": "Juniper Networks, Inc. ex4100-48mp Ethernet Switch, kernel JUNOS 22.4R3.25, Build date: 2024-02-10 00:49:09 UTC Copyright (c) 1996-2024 Juniper Networks, Inc.",
                  "system_name": "ld-cup-idf-bb"
                },
                "locating": false,
                "locked": null,
                "mac": "003e7307e3c9",
                "map_id": "21f849d4-d12f-4feb-b40f-5be0e2aef8cf",
                "mem_used_kb": 180696,
                "mesh_downlinks": null,
                "mesh_uplink": null,
                "model": "AP24",
                "modified_time": 1718669352,
                "mount": "facedown",
                "name": "LD_NewBobFriday",
                "notes": "Hello",
                "num_clients": 0,
                "org_id": "9777c1a0-6ef6-11e6-8bbf-02e208b2d34f",
                "port_stat": {
                  "eth0": {
                    "full_duplex": true,
                    "rx_bytes": 269434855699,
                    "rx_errors": 0,
                    "rx_pkts": 317830263,
                    "speed": 2500,
                    "tx_bytes": 98247914332,
                    "tx_pkts": 199677948,
                    "up": true
                  }
                },
                "power_budget": 50,
                "power_constrained": false,
                "power_opmode": "",
                "power_src": "LLDP",
                "radio_stat": {
                  "band_24": {
                    "bandwidth": 160,
                    "channel": 5,
                    "dynamic_chaining_enalbed": null,
                    "mac": "003e7363cc90",
                    "noise_floor": -89,
                    "num_clients": 0,
                    "power": 14,
                    "rx_bytes": 2070986148,
                    "rx_pkts": 40788057,
                    "tx_bytes": 3329115851,
                    "tx_pkts": 42275535,
                    "usage": "6",
                    "util_all": 9,
                    "util_non_wifi": 0,
                    "util_rx_in_bss": 0,
                    "util_rx_other_bss": 6,
                    "util_tx": 2,
                    "util_undecodable_wifi": 0,
                    "util_unknown_wifi": 1
                  },
                  "band_5": {
                    "bandwidth": 20,
                    "channel": 136,
                    "dynamic_chaining_enalbed": null,
                    "mac": "003e7363cc70",
                    "noise_floor": -90,
                    "num_clients": 0,
                    "power": 12,
                    "rx_bytes": 859580566,
                    "rx_pkts": 150094192,
                    "tx_bytes": 1015151610,
                    "tx_pkts": 202643373,
                    "usage": "5",
                    "util_all": 22,
                    "util_non_wifi": 0,
                    "util_rx_in_bss": 0,
                    "util_rx_other_bss": 13,
                    "util_tx": 6,
                    "util_undecodable_wifi": 0,
                    "util_unknown_wifi": 2
                  },
                  "band_6": null
                },
                "rx_bps": 0,
                "rx_bytes": 2930566714,
                "rx_pkts": 190882249,
                "serial": "A19102306002A",
                "site_id": "978c48e6-6ef6-11e6-8bbf-02e208b2d34f",
                "status": "connected",
                "switch_redundancy": {
                  "num_redundant_aps": 1
                },
                "tx_bps": 0,
                "tx_bytes": 4344267461,
                "tx_pkts": 244918908,
                "uptime": 6152603,
                "usb_stat": null,
                "version": "0.14.29384",
                "x": 1009.3950436194783,
                "y": 1820.8694904508236
              },
              {
                "auto_placement": {
                  "info": null,
                  "recommended_anchor": null,
                  "status": null,
                  "status_detail": null,
                  "use_auto_placement": null,
                  "x": null,
                  "x_m": null,
                  "y": null,
                  "y_m": null
                },
                "auto_upgrade_stat": {
                  "lastcheck": 1720862707
                },
                "ble_stat": {
                  "beacon_enabled": false,
                  "beacon_rate": 4,
                  "eddystone_uid_enabled": false,
                  "eddystone_uid_freq_msec": 1000,
                  "eddystone_uid_instance": "d420b0f1054b",
                  "eddystone_uid_namespace": "9777c1a06ef611e68bbf",
                  "eddystone_url_enabled": false,
                  "eddystone_url_freq_msec": 1000,
                  "eddystone_url_url": "",
                  "ibeacon_enabled": false,
                  "ibeacon_freq_msec": 1000,
                  "ibeacon_major": 653,
                  "ibeacon_minor": 11232,
                  "ibeacon_uuid": "9777c1a0-6ef6-11e6-8bbf-02e208b2d34f",
                  "major": 653,
                  "minors": [
                    11232,
                    11233,
                    11234,
                    11235,
                    11236,
                    11237,
                    11238,
                    11239,
                    11240,
                    11241
                  ],
                  "power": 8,
                  "rx_bytes": 4260154,
                  "rx_pkts": 100231,
                  "tx_bytes": 2017,
                  "tx_pkts": 350,
                  "tx_resets": 0,
                  "uuid": "9777c1a0-6ef6-11e6-8bbf-02e208b2d34f"
                },
                "cert_expiry": 1725120561,
                "config_reverted": false,
                "cpu_system": 333502915,
                "cpu_util": 81,
                "created_time": 1663256958,
                "deviceprofile_id": "53396580-9167-4852-b09c-7254b68995d0",
                "env_stat": {
                  "accel_x": -0.016,
                  "accel_y": 0.012,
                  "accel_z": -1.028,
                  "ambient_temp": 0,
                  "attitude": 0,
                  "cpu_temp": 68,
                  "humidity": 0,
                  "magne_x": 0,
                  "magne_y": 0,
                  "magne_z": 0,
                  "pressure": 0,
                  "vcore_voltage": 0
                },
                "esl_stat": null,
                "ext_ip": "99.109.53.121",
                "fwupdate": {
                  "progress": 100,
                  "status": "success",
                  "status_id": 8,
                  "timestamp": 1714395676.2298467,
                  "will_retry": false
                },
                "hw_rev": "02",
                "id": "00000000-0000-0000-1000-d420b0f1054b",
                "inactive_wired_vlans": [
                  2,
                  900,
                  10,
                  21,
                  24
                ],
                "iot_stat": {},
                "ip": "172.16.87.176",
                "ip_config": {
                  "dns": [],
                  "dns_suffix": [],
                  "gateway": null,
                  "gateway6": null,
                  "ip": null,
                  "ip6": null,
                  "mtu": 0,
                  "netmask": null,
                  "netmask6": null,
                  "type": "dhcp",
                  "type6": null,
                  "vlan_id": null
                },
                "ip_stat": {
                  "dhcp_server": "172.16.87.254",
                  "dns": [
                    "172.16.87.254",
                    "8.8.4.4"
                  ],
                  "dns_suffix": null,
                  "gateway": "172.16.86.1",
                  "gateway6": null,
                  "ip": "172.16.87.176",
                  "ip6": "fe80:0:0:0:d620:b0ff:fef1:54b",
                  "ips": {
                    "vlan1": "172.16.87.176/23,fe80:0:0:0:d620:b0ff:fef1:54b/64",
                    "vlan2": "fe80:0:0:0:d620:b0ff:fef1:54b/64"
                  },
                  "netmask": "255.255.254.0",
                  "netmask6": "/64"
                },
                "l2tp_stat": {},
                "last_seen": 1720863931,
                "last_trouble": {
                  "code": "05",
                  "timestamp": 1715893762
                },
                "led": null,
                "lldp_stat": {
                  "chassis_id": "a4:51:5e:44:23:80",
                  "lldp_med_supported": true,
                  "mgmt_addr": "a4-51-5e-44-23-ff",
                  "mgmt_addrs": [
                    "a4-51-5e-44-23-ff"
                  ],
                  "port_desc": "mge-0/0/16",
                  "port_id": "mge-0/0/16",
                  "power_allocated": 30300,
                  "power_draw": 30300,
                  "power_request_count": 4,
                  "power_requested": 30300,
                  "system_desc": "Juniper Networks, Inc. ex4400-48mp Ethernet Switch, kernel JUNOS 23.2R1.13, Build date: 2023-06-16 10:50:43 UTC Copyright (c) 1996-2023 Juniper Networks, Inc.",
                  "system_name": "Rivendell-ex4400-APFW-2"
                },
                "locating": false,
                "locked": null,
                "mac": "d420b0f1054b",
                "map_id": "21f849d4-d12f-4feb-b40f-5be0e2aef8cf",
                "mem_used_kb": 692740,
                "mesh_downlinks": null,
                "mesh_uplink": null,
                "model": "AP45",
                "modified_time": 1714508628,
                "mount": "faceup",
                "name": "LD_MHMD",
                "notes": "",
                "num_clients": 0,
                "org_id": "9777c1a0-6ef6-11e6-8bbf-02e208b2d34f",
                "port_stat": {
                  "eth0": {
                    "full_duplex": true,
                    "rx_bytes": 112299673309,
                    "rx_errors": 0,
                    "rx_pkts": 110470541,
                    "speed": 2500,
                    "tx_bytes": 27897712581,
                    "tx_pkts": 50087612,
                    "up": true
                  },
                  "eth1": {
                    "full_duplex": false,
                    "rx_bytes": 0,
                    "rx_errors": 0,
                    "rx_pkts": 0,
                    "speed": 0,
                    "tx_bytes": 0,
                    "tx_pkts": 0,
                    "up": false
                  }
                },
                "power_budget": 0,
                "power_constrained": false,
                "power_opmode": "",
                "power_src": "LLDP",
                "radio_stat": {
                  "band_24": {
                    "bandwidth": 20,
                    "channel": 36,
                    "dynamic_chaining_enalbed": null,
                    "mac": "d420b0f156a0",
                    "noise_floor": -98,
                    "num_clients": 0,
                    "power": 13,
                    "rx_bytes": 1722055260,
                    "rx_pkts": 16195748,
                    "tx_bytes": 1252770706,
                    "tx_pkts": 42448470,
                    "usage": "5",
                    "util_all": 62,
                    "util_non_wifi": 4,
                    "util_rx_in_bss": 0,
                    "util_rx_other_bss": 39,
                    "util_tx": 9,
                    "util_undecodable_wifi": 3,
                    "util_unknown_wifi": 6
                  },
                  "band_5": {
                    "bandwidth": 20,
                    "channel": 132,
                    "dynamic_chaining_enalbed": null,
                    "mac": "d420b0f15690",
                    "noise_floor": -99,
                    "num_clients": 0,
                    "power": 13,
                    "rx_bytes": 690361110,
                    "rx_pkts": 15069539,
                    "tx_bytes": 641138063,
                    "tx_pkts": 21718690,
                    "usage": "5",
                    "util_all": 36,
                    "util_non_wifi": 0,
                    "util_rx_in_bss": 0,
                    "util_rx_other_bss": 27,
                    "util_tx": 7,
                    "util_undecodable_wifi": 0,
                    "util_unknown_wifi": 1
                  },
                  "band_6": {
                    "bandwidth": 160,
                    "channel": 101,
                    "dynamic_chaining_enalbed": null,
                    "mac": "d420b0f15680",
                    "noise_floor": -92,
                    "num_clients": 0,
                    "power": 16,
                    "rx_bytes": 3301813795,
                    "rx_pkts": 4599336,
                    "tx_bytes": 339912588,
                    "tx_pkts": 4084036,
                    "usage": "6",
                    "util_all": 5,
                    "util_non_wifi": 0,
                    "util_rx_in_bss": 0,
                    "util_rx_other_bss": 3,
                    "util_tx": 2,
                    "util_undecodable_wifi": 0,
                    "util_unknown_wifi": 0
                  }
                },
                "rx_bps": 0,
                "rx_bytes": 5714230165,
                "rx_pkts": 35864623,
                "serial": "A1637210200E9",
                "site_id": "978c48e6-6ef6-11e6-8bbf-02e208b2d34f",
                "status": "connected",
                "switch_redundancy": {
                  "num_redundant_aps": 1
                },
                "tx_bps": 0,
                "tx_bytes": 2233821357,
                "tx_pkts": 68251196,
                "uptime": 4970441,
                "usb_stat": null,
                "version": "0.14.29384",
                "x": 327.5596,
                "y": 147.6564
              },
              {
                "auto_placement": null,
                "auto_upgrade_stat": {
                  "lastcheck": 1720764121
                },
                "ble_stat": {
                  "beacon_enabled": true,
                  "beacon_rate": 4,
                  "eddystone_uid_enabled": false,
                  "eddystone_uid_freq_msec": 1000,
                  "eddystone_uid_instance": "5433c60acbd4",
                  "eddystone_uid_namespace": "9777c1a06ef611e68bbf",
                  "eddystone_url_enabled": false,
                  "eddystone_url_freq_msec": 1000,
                  "eddystone_url_url": "",
                  "ibeacon_enabled": false,
                  "ibeacon_freq_msec": 1000,
                  "ibeacon_major": 899,
                  "ibeacon_minor": 58576,
                  "ibeacon_uuid": "9777c1a0-6ef6-11e6-8bbf-02e208b2d34f",
                  "major": 899,
                  "minors": [
                    58576
                  ],
                  "power": 8,
                  "rx_bytes": 14158413,
                  "rx_pkts": 427738,
                  "tx_bytes": 256303,
                  "tx_pkts": 28033,
                  "tx_resets": 0,
                  "uuid": "9777c1a0-6ef6-11e6-8bbf-02e208b2d34f"
                },
                "cert_expiry": 1750868041,
                "config_reverted": false,
                "cpu_system": 5456398,
                "cpu_util": 27,
                "created_time": 1719271921,
                "deviceprofile_id": "1a198ed8-6186-425d-80cf-a0d062cf2323",
                "env_stat": {
                  "accel_x": 0,
                  "accel_y": 0,
                  "accel_z": 0,
                  "ambient_temp": 0,
                  "attitude": 0,
                  "cpu_temp": 37,
                  "humidity": 0,
                  "magne_x": 0,
                  "magne_y": 0,
                  "magne_z": 0,
                  "pressure": 0,
                  "vcore_voltage": 0
                },
                "esl_stat": null,
                "ext_ip": "135.23.128.67",
                "fwupdate": {
                  "progress": 100,
                  "status": "success",
                  "status_id": 8,
                  "timestamp": 1719272236.5768163,
                  "will_retry": false
                },
                "hw_rev": "03",
                "id": "00000000-0000-0000-1000-5433c60acbd4",
                "inactive_wired_vlans": [],
                "iot_stat": {},
                "ip": "10.1.1.104",
                "ip_config": {
                  "dns": [],
                  "dns_suffix": [],
                  "gateway": null,
                  "gateway6": null,
                  "ip": null,
                  "ip6": null,
                  "mtu": 0,
                  "netmask": null,
                  "netmask6": null,
                  "type": "dhcp",
                  "type6": null,
                  "vlan_id": null
                },
                "ip_stat": {
                  "dhcp_server": "10.1.1.1",
                  "dns": [
                    "8.8.8.8",
                    "10.0.100.6"
                  ],
                  "dns_suffix": null,
                  "gateway": "10.1.1.1",
                  "gateway6": null,
                  "ip": "10.1.1.104",
                  "ip6": "fe80:0:0:0:5633:c6ff:fe0a:cbd4",
                  "ips": {
                    "vlan1": "10.1.1.104/24,fe80:0:0:0:5633:c6ff:fe0a:cbd4/64",
                    "vlan40": "fe80:0:0:0:5633:c6ff:fe0a:cbd4/64"
                  },
                  "netmask": "255.255.255.0",
                  "netmask6": "/64"
                },
                "l2tp_stat": {},
                "last_seen": 1720765958,
                "last_trouble": {
                  "code": "02",
                  "timestamp": 1720863866
                },
                "led": null,
                "lldp_stat": {
                  "chassis_id": "",
                  "lldp_med_supported": false,
                  "mgmt_addr": "",
                  "mgmt_addrs": [],
                  "port_desc": "",
                  "port_id": "",
                  "power_allocated": 0,
                  "power_draw": 0,
                  "power_request_count": 0,
                  "power_requested": 0,
                  "system_desc": "",
                  "system_name": ""
                },
                "locating": null,
                "locked": null,
                "mac": "5433c60acbd4",
                "map_id": null,
                "mem_used_kb": 163604,
                "mesh_downlinks": null,
                "mesh_uplink": null,
                "model": "AP64",
                "modified_time": 1719273643,
                "mount": null,
                "name": "wan-srx_toronto_ap2_relay",
                "notes": "",
                "num_clients": null,
                "org_id": "9777c1a0-6ef6-11e6-8bbf-02e208b2d34f",
                "port_stat": {
                  "eth0": {
                    "full_duplex": false,
                    "rx_bytes": 3121079,
                    "rx_errors": 0,
                    "rx_pkts": 19561,
                    "speed": 0,
                    "tx_bytes": 22979259,
                    "tx_pkts": 21177,
                    "up": false
                  }
                },
                "power_budget": 12550,
                "power_constrained": false,
                "power_opmode": "",
                "power_src": "PoE 802.3at",
                "radio_stat": null,
                "rx_bps": 0,
                "rx_bytes": null,
                "rx_pkts": 911046,
                "serial": "A204723090080",
                "site_id": "81e8deb4-b005-404e-8b07-b352b7686101",
                "status": "disconnected",
                "switch_redundancy": {
                  "num_redundant_aps": 0
                },
                "tx_bps": 0,
                "tx_bytes": null,
                "tx_pkts": 1079611,
                "uptime": 1414593,
                "usb_stat": null,
                "version": "0.14.29411",
                "x": null,
                "y": null
              },
              {
                "auto_placement": null,
                "auto_upgrade_stat": {
                  "lastcheck": 1720861369
                },
                "ble_stat": {
                  "beacon_enabled": true,
                  "beacon_rate": 4,
                  "eddystone_uid_enabled": false,
                  "eddystone_uid_freq_msec": 1000,
                  "eddystone_uid_instance": "d420b002d96f",
                  "eddystone_uid_namespace": "9777c1a06ef611e68bbf",
                  "eddystone_url_enabled": false,
                  "eddystone_url_freq_msec": 1000,
                  "eddystone_url_url": "",
                  "ibeacon_enabled": false,
                  "ibeacon_freq_msec": 1000,
                  "ibeacon_major": 841,
                  "ibeacon_minor": 37056,
                  "ibeacon_uuid": "9777c1a0-6ef6-11e6-8bbf-02e208b2d34f",
                  "major": 841,
                  "minors": [
                    37056,
                    37057,
                    37058,
                    37059,
                    37060,
                    37061,
                    37062,
                    37063,
                    -1
                  ],
                  "power": 8,
                  "rx_bytes": 11515,
                  "rx_pkts": 1565,
                  "tx_bytes": 48033,
                  "tx_pkts": 1563,
                  "tx_resets": 0,
                  "uuid": "9777c1a0-6ef6-11e6-8bbf-02e208b2d34f"
                },
                "cert_expiry": null,
                "config_reverted": false,
                "cpu_system": 3560672,
                "cpu_util": 7,
                "created_time": 1718734875,
                "deviceprofile_id": null,
                "env_stat": {
                  "accel_x": 1.03125,
                  "accel_y": -0.078125,
                  "accel_z": 0.09375,
                  "ambient_temp": 0,
                  "attitude": 41,
                  "cpu_temp": 56,
                  "humidity": 0,
                  "magne_x": 51.2,
                  "magne_y": -76.8,
                  "magne_z": 51.2,
                  "pressure": 0,
                  "vcore_voltage": 0
                },
                "esl_stat": null,
                "ext_ip": "66.129.241.11",
                "fwupdate": null,
                "hw_rev": "F11",
                "id": "00000000-0000-0000-1000-d420b002d96f",
                "inactive_wired_vlans": [],
                "iot_stat": {},
                "ip": "192.168.98.2",
                "ip_config": null,
                "ip_stat": {
                  "dhcp_server": "192.168.98.1",
                  "dns": [
                    "8.8.8.8",
                    "1.1.1.1"
                  ],
                  "dns_suffix": null,
                  "gateway": "192.168.98.1",
                  "gateway6": null,
                  "ip": "192.168.98.2",
                  "ip6": "fe80:0:0:0:d620:b0ff:fe02:d96f",
                  "ips": {
                    "vlan1": "192.168.98.2/24,fe80:0:0:0:d620:b0ff:fe02:d96f/64"
                  },
                  "netmask": "255.255.255.0",
                  "netmask6": "/64"
                },
                "l2tp_stat": {},
                "last_seen": 1720863935,
                "last_trouble": {
                  "code": "07",
                  "timestamp": 1720208461
                },
                "led": null,
                "lldp_stat": {
                  "chassis_id": "54:4b:8c:1c:72:f7",
                  "lldp_med_supported": true,
                  "mgmt_addr": "54-4b-8c-1c-72-f7",
                  "mgmt_addrs": [
                    "54-4b-8c-1c-72-f7"
                  ],
                  "port_desc": "ge-0/0/22",
                  "port_id": "ge-0/0/22",
                  "power_allocated": 19500,
                  "power_draw": 19500,
                  "power_request_count": 3,
                  "power_requested": 19500,
                  "system_desc": "Juniper Networks, Inc. ex2300-24mp Ethernet Switch, kernel JUNOS 23.4R1-S1.5, Build date: 2024-03-14 18:12:02 UTC Copyright (c) 1996-2024 Juniper Networks, Inc.",
                  "system_name": "sdwan-westford-switch"
                },
                "locating": null,
                "locked": null,
                "mac": "d420b002d96f",
                "map_id": null,
                "mem_used_kb": 120876,
                "mesh_downlinks": null,
                "mesh_uplink": null,
                "model": "AP41",
                "modified_time": 1718734875,
                "mount": "vertical",
                "name": "Westford-AP1",
                "notes": null,
                "num_clients": 1,
                "org_id": "9777c1a0-6ef6-11e6-8bbf-02e208b2d34f",
                "port_stat": {
                  "eth0": {
                    "full_duplex": true,
                    "rx_bytes": 3038480598,
                    "rx_errors": 0,
                    "rx_pkts": 17413651,
                    "speed": 1000,
                    "tx_bytes": 1678468812,
                    "tx_pkts": 18857559,
                    "up": true
                  },
                  "eth1": {
                    "full_duplex": false,
                    "rx_bytes": 0,
                    "rx_errors": 0,
                    "rx_pkts": 0,
                    "speed": 0,
                    "tx_bytes": 0,
                    "tx_pkts": 0,
                    "up": false
                  },
                  "module": {
                    "full_duplex": false,
                    "rx_bytes": 0,
                    "rx_errors": 0,
                    "rx_pkts": 0,
                    "speed": 0,
                    "tx_bytes": 0,
                    "tx_pkts": 0,
                    "up": false
                  }
                },
                "power_budget": 0,
                "power_constrained": false,
                "power_opmode": "",
                "power_src": "LLDP",
                "radio_stat": {
                  "band_24": {
                    "bandwidth": 20,
                    "channel": 6,
                    "dynamic_chaining_enalbed": null,
                    "mac": "d420b01bc5c0",
                    "noise_floor": -84,
                    "num_clients": 1,
                    "power": 18,
                    "rx_bytes": 884393721,
                    "rx_pkts": 12041208,
                    "tx_bytes": 1988633034,
                    "tx_pkts": 10927869,
                    "usage": "24",
                    "util_all": 6,
                    "util_non_wifi": 1,
                    "util_rx_in_bss": 0,
                    "util_rx_other_bss": 0,
                    "util_tx": 4,
                    "util_undecodable_wifi": 0,
                    "util_unknown_wifi": 0
                  },
                  "band_5": {
                    "bandwidth": 40,
                    "channel": 52,
                    "dynamic_chaining_enalbed": null,
                    "mac": "d420b01bc5d0",
                    "noise_floor": -92,
                    "num_clients": 0,
                    "power": 17,
                    "rx_bytes": 472541367,
                    "rx_pkts": 6431844,
                    "tx_bytes": 1069348205,
                    "tx_pkts": 5781063,
                    "usage": "5",
                    "util_all": 1,
                    "util_non_wifi": 0,
                    "util_rx_in_bss": 0,
                    "util_rx_other_bss": 0,
                    "util_tx": 1,
                    "util_undecodable_wifi": 0,
                    "util_unknown_wifi": 0
                  },
                  "band_6": null
                },
                "rx_bps": 0,
                "rx_bytes": 1356935088,
                "rx_pkts": 18473052,
                "serial": "A005019020303",
                "site_id": "14f0fd91-8167-4db0-b024-7160a65c0e41",
                "status": "connected",
                "switch_redundancy": {
                  "num_redundant_aps": 1
                },
                "tx_bps": 0,
                "tx_bytes": 3057981239,
                "tx_pkts": 16708932,
                "uptime": 546366,
                "usb_stat": null,
                "version": "0.14.29091",
                "x": null,
                "y": null
              },
              {
                "auto_placement": null,
                "auto_upgrade_stat": {
                  "lastcheck": 1720861599
                },
                "ble_stat": {
                  "beacon_enabled": true,
                  "beacon_rate": 4,
                  "eddystone_uid_enabled": false,
                  "eddystone_uid_freq_msec": 1000,
                  "eddystone_uid_instance": "a8f7d981700c",
                  "eddystone_uid_namespace": "9777c1a06ef611e68bbf",
                  "eddystone_url_enabled": false,
                  "eddystone_url_freq_msec": 1000,
                  "eddystone_url_url": "",
                  "ibeacon_enabled": false,
                  "ibeacon_freq_msec": 1000,
                  "ibeacon_major": 867,
                  "ibeacon_minor": 21232,
                  "ibeacon_uuid": "9777c1a0-6ef6-11e6-8bbf-02e208b2d34f",
                  "major": 867,
                  "minors": [
                    21232,
                    21233,
                    21234,
                    21235,
                    21236,
                    21237,
                    21238,
                    21239,
                    21240,
                    -1
                  ],
                  "power": 8,
                  "rx_bytes": 24399350,
                  "rx_pkts": 697599,
                  "tx_bytes": 404284,
                  "tx_pkts": 67753,
                  "tx_resets": 0,
                  "uuid": "9777c1a0-6ef6-11e6-8bbf-02e208b2d34f"
                },
                "cert_expiry": 1751730587,
                "config_reverted": false,
                "cpu_system": 3785218,
                "cpu_util": 2,
                "created_time": 1720194554,
                "deviceprofile_id": null,
                "env_stat": {
                  "accel_x": -0.016,
                  "accel_y": -0.064,
                  "accel_z": -1.028,
                  "ambient_temp": 0,
                  "attitude": 0,
                  "cpu_temp": 51,
                  "humidity": 0,
                  "magne_x": 0,
                  "magne_y": 0,
                  "magne_z": 0,
                  "pressure": 0,
                  "vcore_voltage": 0
                },
                "esl_stat": null,
                "ext_ip": "69.196.157.189",
                "fwupdate": null,
                "hw_rev": "AA",
                "id": "00000000-0000-0000-1000-a8f7d981700c",
                "inactive_wired_vlans": [
                  130,
                  999,
                  140,
                  110,
                  120
                ],
                "iot_stat": {},
                "ip": "10.0.100.106",
                "ip_config": null,
                "ip_stat": {
                  "dhcp_server": "10.0.100.254",
                  "dns": [
                    "8.8.8.8",
                    "4.2.2.2"
                  ],
                  "dns_suffix": null,
                  "gateway": "10.0.100.254",
                  "gateway6": null,
                  "ip": "10.0.100.106",
                  "ip6": "fe80:0:0:0:aaf7:d9ff:fe81:700c",
                  "ips": {
                    "vlan1": "10.0.100.106/24,fe80:0:0:0:aaf7:d9ff:fe81:700c/64",
                    "vlan3967": "fe80:0:0:0:aaf7:d9ff:fe81:700c/64"
                  },
                  "netmask": "255.255.255.0",
                  "netmask6": "/64"
                },
                "l2tp_stat": {
                  "83c31971-ad70-4419-ae20-7f2b90748986": {
                    "sessions": [
                      {
                        "local_sid": -52847504,
                        "remote_id": "mxtunnel",
                        "remote_sid": -590014850,
                        "state": "established"
                      }
                    ],
                    "state": "established-with-sessions",
                    "uptime": 668838,
                    "wxtunnel_id": null
                  }
                },
                "last_seen": 1720863925,
                "last_trouble": {
                  "code": "03",
                  "timestamp": 1720194873
                },
                "led": null,
                "lldp_stat": {
                  "chassis_id": "fc:33:42:ab:a8:4b",
                  "lldp_med_supported": false,
                  "mgmt_addr": "fc-33-42-ab-a8-4b",
                  "mgmt_addrs": [
                    "fc-33-42-ab-a8-4b"
                  ],
                  "port_desc": "ge-0/0/23",
                  "port_id": "ge-0/0/23",
                  "power_allocated": 0,
                  "power_draw": 0,
                  "power_request_count": 0,
                  "power_requested": 0,
                  "system_desc": "Juniper Networks, Inc. ex3400-24t Ethernet Switch, kernel JUNOS 22.4R1.10, Build date: 2022-12-11 00:26:57 UTC Copyright (c) 1996-2022 Juniper Networks, Inc.",
                  "system_name": "wan_srx_tor-hub1-switch1"
                },
                "locating": null,
                "locked": null,
                "mac": "a8f7d981700c",
                "map_id": null,
                "mem_used_kb": 495400,
                "mesh_downlinks": null,
                "mesh_uplink": null,
                "model": "AP45",
                "modified_time": 1720194554,
                "mount": "faceup",
                "name": "wan-srx_campus_site_ap1_mdf",
                "notes": null,
                "num_clients": 0,
                "org_id": "9777c1a0-6ef6-11e6-8bbf-02e208b2d34f",
                "port_stat": {
                  "eth0": {
                    "full_duplex": true,
                    "rx_bytes": 69084586,
                    "rx_errors": 0,
                    "rx_pkts": 886629,
                    "speed": 1000,
                    "tx_bytes": 171031890,
                    "tx_pkts": 493704,
                    "up": true
                  },
                  "eth1": {
                    "full_duplex": false,
                    "rx_bytes": 0,
                    "rx_errors": 0,
                    "rx_pkts": 0,
                    "speed": 0,
                    "tx_bytes": 0,
                    "tx_pkts": 0,
                    "up": false
                  }
                },
                "power_budget": 21700,
                "power_constrained": false,
                "power_opmode": "",
                "power_src": "PoE 802.3bt",
                "radio_stat": {
                  "band_24": {
                    "bandwidth": 20,
                    "channel": 11,
                    "dynamic_chaining_enalbed": null,
                    "mac": "a8f7d995e1a0",
                    "noise_floor": -91,
                    "num_clients": 0,
                    "power": 12,
                    "rx_bytes": 0,
                    "rx_pkts": 0,
                    "tx_bytes": 0,
                    "tx_pkts": 0,
                    "usage": "24",
                    "util_all": 12,
                    "util_non_wifi": 1,
                    "util_rx_in_bss": 0,
                    "util_rx_other_bss": 7,
                    "util_tx": 4,
                    "util_undecodable_wifi": 0,
                    "util_unknown_wifi": 0
                  },
                  "band_5": {
                    "bandwidth": 20,
                    "channel": 165,
                    "dynamic_chaining_enalbed": null,
                    "mac": "a8f7d995e190",
                    "noise_floor": -97,
                    "num_clients": 0,
                    "power": 12,
                    "rx_bytes": 0,
                    "rx_pkts": 0,
                    "tx_bytes": 0,
                    "tx_pkts": 0,
                    "usage": "5",
                    "util_all": 3,
                    "util_non_wifi": 0,
                    "util_rx_in_bss": 0,
                    "util_rx_other_bss": 1,
                    "util_tx": 2,
                    "util_undecodable_wifi": 0,
                    "util_unknown_wifi": 0
                  },
                  "band_6": {
                    "bandwidth": 40,
                    "channel": 117,
                    "dynamic_chaining_enalbed": null,
                    "mac": "a8f7d995e180",
                    "noise_floor": -96,
                    "num_clients": 0,
                    "power": 14,
                    "rx_bytes": 0,
                    "rx_pkts": 0,
                    "tx_bytes": 0,
                    "tx_pkts": 0,
                    "usage": "6",
                    "util_all": 0,
                    "util_non_wifi": 0,
                    "util_rx_in_bss": 0,
                    "util_rx_other_bss": 0,
                    "util_tx": 0,
                    "util_undecodable_wifi": 0,
                    "util_unknown_wifi": 0
                  }
                },
                "rx_bps": 0,
                "rx_bytes": 0,
                "rx_pkts": 0,
                "serial": "A1645220200B4",
                "site_id": "83c31971-ad70-4419-ae20-7f2b90748986",
                "status": "connected",
                "switch_redundancy": {
                  "num_redundant_aps": 1
                },
                "tx_bps": 0,
                "tx_bytes": 0,
                "tx_pkts": 0,
                "uptime": 668882,
                "usb_stat": null,
                "version": "0.14.29411",
                "x": null,
                "y": null
              },
              {
                "auto_placement": null,
                "auto_upgrade_stat": {
                  "lastcheck": 1720861745
                },
                "ble_stat": {
                  "beacon_enabled": false,
                  "beacon_rate": 4,
                  "eddystone_uid_enabled": false,
                  "eddystone_uid_freq_msec": 1000,
                  "eddystone_uid_instance": "5c5b351ec02b",
                  "eddystone_uid_namespace": "9777c1a06ef611e68bbf",
                  "eddystone_url_enabled": false,
                  "eddystone_url_freq_msec": 1000,
                  "eddystone_url_url": "",
                  "ibeacon_enabled": false,
                  "ibeacon_freq_msec": 1000,
                  "ibeacon_major": 858,
                  "ibeacon_minor": 24304,
                  "ibeacon_uuid": "9777c1a0-6ef6-11e6-8bbf-02e208b2d34f",
                  "major": 858,
                  "minors": [
                    24304,
                    24305,
                    24306,
                    24307,
                    24308,
                    24309,
                    24310,
                    24311,
                    24312
                  ],
                  "power": 8,
                  "rx_bytes": 1283,
                  "rx_pkts": 68,
                  "tx_bytes": 1326,
                  "tx_pkts": 67,
                  "tx_resets": 0,
                  "uuid": "9777c1a0-6ef6-11e6-8bbf-02e208b2d34f"
                },
                "cert_expiry": 1741476147,
                "config_reverted": false,
                "cpu_system": 45124482,
                "cpu_util": 85,
                "created_time": 1709940145,
                "deviceprofile_id": null,
                "env_stat": {
                  "accel_x": 0,
                  "accel_y": 0,
                  "accel_z": 0,
                  "ambient_temp": 0,
                  "attitude": 0,
                  "cpu_temp": 0,
                  "humidity": 0,
                  "magne_x": 0,
                  "magne_y": 0,
                  "magne_z": 0,
                  "pressure": 0,
                  "vcore_voltage": 0
                },
                "esl_stat": null,
                "ext_ip": "98.51.212.195",
                "fwupdate": {
                  "progress": 100,
                  "status": "success",
                  "status_id": 8,
                  "timestamp": 1710287077.3157625,
                  "will_retry": false
                },
                "hw_rev": "A0",
                "id": "00000000-0000-0000-1000-5c5b351ec02b",
                "inactive_wired_vlans": [],
                "iot_stat": {},
                "ip": "10.100.0.221",
                "ip_config": null,
                "ip_stat": {
                  "dhcp_server": "10.100.0.1",
                  "dns": [
                    "1.1.1.1",
                    "2.2.2.2"
                  ],
                  "dns_suffix": null,
                  "gateway": "10.100.0.1",
                  "gateway6": null,
                  "ip": "10.100.0.221",
                  "ip6": "fe80:0:0:0:5e5b:35ff:fe1e:c02b",
                  "ips": {
                    "vlan1": "10.100.0.221/23,fe80:0:0:0:5e5b:35ff:fe1e:c02b/64"
                  },
                  "netmask": "255.255.254.0",
                  "netmask6": "/64"
                },
                "l2tp_stat": {},
                "last_seen": 1720863951,
                "last_trouble": {
                  "code": "07",
                  "timestamp": 1719540421
                },
                "led": null,
                "lldp_stat": {
                  "chassis_id": "a4:e1:1a:b9:55:00",
                  "lldp_med_supported": true,
                  "mgmt_addr": "a4-e1-1a-b9-55-00",
                  "mgmt_addrs": [
                    "a4-e1-1a-b9-55-00"
                  ],
                  "port_desc": "ge-0/0/9",
                  "port_id": "ge-0/0/9",
                  "power_allocated": 13000,
                  "power_draw": 13000,
                  "power_request_count": 2,
                  "power_requested": 13000,
                  "system_desc": "Juniper Networks, Inc. ex4100-f-12p Ethernet Switch, kernel JUNOS 22.4R2-S1.6, Build date: 2023-07-20 14:42:15 UTC Copyright (c) 1996-2023 Juniper Networks, Inc.",
                  "system_name": "ld-cup-idf-d-desktop-22_demo"
                },
                "locating": false,
                "locked": null,
                "mac": "5c5b351ec02b",
                "map_id": "21f849d4-d12f-4feb-b40f-5be0e2aef8cf",
                "mem_used_kb": 119032,
                "mesh_downlinks": null,
                "mesh_uplink": null,
                "model": "AP21",
                "modified_time": 1714508637,
                "mount": null,
                "name": "LD_Bad_cable_AP",
                "notes": "",
                "num_clients": 0,
                "org_id": "9777c1a0-6ef6-11e6-8bbf-02e208b2d34f",
                "port_stat": {
                  "eth0": {
                    "full_duplex": true,
                    "rx_bytes": 95741771627,
                    "rx_errors": 1,
                    "rx_pkts": 90469220,
                    "speed": 1000,
                    "tx_bytes": 27098581881,
                    "tx_pkts": 45108188,
                    "up": true
                  },
                  "eth1": {
                    "full_duplex": true,
                    "rx_bytes": 1966802095,
                    "rx_errors": 0,
                    "rx_pkts": 26401427,
                    "speed": 100,
                    "tx_bytes": 94881490424,
                    "tx_pkts": 80154034,
                    "up": true
                  }
                },
                "power_budget": 50,
                "power_constrained": false,
                "power_opmode": "",
                "power_src": "LLDP",
                "radio_stat": {
                  "band_24": {
                    "bandwidth": 0,
                    "channel": 1,
                    "dynamic_chaining_enalbed": null,
                    "mac": null,
                    "noise_floor": -70,
                    "num_clients": 0,
                    "power": 0,
                    "rx_bytes": 0,
                    "rx_pkts": 0,
                    "tx_bytes": 0,
                    "tx_pkts": 0,
                    "usage": "24",
                    "util_all": 0,
                    "util_non_wifi": 0,
                    "util_rx_in_bss": 0,
                    "util_rx_other_bss": 0,
                    "util_tx": 0,
                    "util_undecodable_wifi": 0,
                    "util_unknown_wifi": 0
                  },
                  "band_5": {
                    "bandwidth": 0,
                    "channel": 36,
                    "dynamic_chaining_enalbed": null,
                    "mac": null,
                    "noise_floor": -90,
                    "num_clients": 0,
                    "power": 0,
                    "rx_bytes": 0,
                    "rx_pkts": 0,
                    "tx_bytes": 0,
                    "tx_pkts": 0,
                    "usage": "5",
                    "util_all": 0,
                    "util_non_wifi": 0,
                    "util_rx_in_bss": 0,
                    "util_rx_other_bss": 0,
                    "util_tx": 0,
                    "util_undecodable_wifi": 0,
                    "util_unknown_wifi": 0
                  },
                  "band_6": null
                },
                "rx_bps": 0,
                "rx_bytes": 0,
                "rx_pkts": 0,
                "serial": "10203180304F1",
                "site_id": "978c48e6-6ef6-11e6-8bbf-02e208b2d34f",
                "status": "connected",
                "switch_redundancy": {
                  "num_redundant_aps": 1
                },
                "tx_bps": 0,
                "tx_bytes": 0,
                "tx_pkts": 0,
                "uptime": 4543844,
                "usb_stat": null,
                "version": "0.14.29237",
                "x": 272.55434782608677,
                "y": 388.04347826086934
              },
              {
                "auto_placement": null,
                "auto_upgrade_stat": {
                  "lastcheck": 1720861952
                },
                "ble_stat": {
                  "beacon_enabled": false,
                  "beacon_rate": 4,
                  "eddystone_uid_enabled": false,
                  "eddystone_uid_freq_msec": 1000,
                  "eddystone_uid_instance": "ac2316fc037f",
                  "eddystone_uid_namespace": "9777c1a06ef611e68bbf",
                  "eddystone_url_enabled": false,
                  "eddystone_url_freq_msec": 1000,
                  "eddystone_url_url": "",
                  "ibeacon_enabled": false,
                  "ibeacon_freq_msec": 1000,
                  "ibeacon_major": 653,
                  "ibeacon_minor": 10928,
                  "ibeacon_uuid": "9777c1a0-6ef6-11e6-8bbf-02e208b2d34f",
                  "major": 653,
                  "minors": [
                    10928
                  ],
                  "power": 8,
                  "rx_bytes": 832167135,
                  "rx_pkts": 119615650,
                  "tx_bytes": 1560347,
                  "tx_pkts": 263056,
                  "tx_resets": 0,
                  "uuid": "9777c1a0-6ef6-11e6-8bbf-02e208b2d34f"
                },
                "cert_expiry": 1725119305,
                "config_reverted": false,
                "cpu_system": 1161464756,
                "cpu_util": 75,
                "created_time": 1663256156,
                "deviceprofile_id": "53396580-9167-4852-b09c-7254b68995d0",
                "env_stat": {
                  "accel_x": -0.001,
                  "accel_y": -0.021,
                  "accel_z": 1.012,
                  "ambient_temp": 0,
                  "attitude": 0,
                  "cpu_temp": 0,
                  "humidity": 0,
                  "magne_x": 0,
                  "magne_y": 0,
                  "magne_z": 0,
                  "pressure": 0,
                  "vcore_voltage": 0
                },
                "esl_stat": null,
                "ext_ip": "98.51.212.195",
                "fwupdate": {
                  "progress": 100,
                  "status": "success",
                  "status_id": 8,
                  "timestamp": 1714395680.8002288,
                  "will_retry": false
                },
                "hw_rev": "03",
                "id": "00000000-0000-0000-1000-ac2316fc037f",
                "inactive_wired_vlans": [
                  24,
                  900,
                  21
                ],
                "iot_stat": {},
                "ip": "10.100.0.43",
                "ip_config": {
                  "dns": [],
                  "dns_suffix": [],
                  "gateway": null,
                  "gateway6": null,
                  "ip": null,
                  "ip6": null,
                  "mtu": 0,
                  "netmask": null,
                  "netmask6": null,
                  "type": "dhcp",
                  "type6": null,
                  "vlan_id": null
                },
                "ip_stat": {
                  "dhcp_server": "10.100.0.1",
                  "dns": [
                    "1.1.1.1",
                    "2.2.2.2"
                  ],
                  "dns_suffix": null,
                  "gateway": "10.100.0.1",
                  "gateway6": null,
                  "ip": "10.100.0.43",
                  "ip6": "fe80:0:0:0:ae23:16ff:fefc:37f",
                  "ips": {
                    "vlan1": "10.100.0.43/23,fe80:0:0:0:ae23:16ff:fefc:37f/64",
                    "vlan2": "fe80:0:0:0:ae23:16ff:fefc:37f/64"
                  },
                  "netmask": "255.255.254.0",
                  "netmask6": "/64"
                },
                "l2tp_stat": {},
                "last_seen": 1720863909,
                "last_trouble": {
                  "code": "07",
                  "timestamp": 1719540420
                },
                "led": null,
                "lldp_stat": {
                  "chassis_id": "d0:dd:49:85:cb:3c",
                  "lldp_med_supported": true,
                  "mgmt_addr": "d0-dd-49-85-cb-3c",
                  "mgmt_addrs": [
                    "d0-dd-49-85-cb-3c"
                  ],
                  "port_desc": "ge-1/0/44",
                  "port_id": "ge-1/0/44",
                  "power_allocated": 20900,
                  "power_draw": 20900,
                  "power_request_count": 3,
                  "power_requested": 20900,
                  "system_desc": "Juniper Networks, Inc. ex2300-48p Ethernet Switch, kernel JUNOS 21.4R3-S4.18, Build date: 2023-08-21 21:54:26 UTC Copyright (c) 1996-2023 Juniper Networks, Inc.",
                  "system_name": "ld-cup-idf-d-VC"
                },
                "locating": false,
                "locked": null,
                "mac": "ac2316fc037f",
                "map_id": "21f849d4-d12f-4feb-b40f-5be0e2aef8cf",
                "mem_used_kb": 548240,
                "mesh_downlinks": null,
                "mesh_uplink": null,
                "model": "AP34",
                "modified_time": 1719874685,
                "mount": "facedown",
                "name": "LD_APEng",
                "notes": "",
                "num_clients": 3,
                "org_id": "9777c1a0-6ef6-11e6-8bbf-02e208b2d34f",
                "port_stat": {
                  "eth0": {
                    "full_duplex": true,
                    "rx_bytes": 155443179511,
                    "rx_errors": 0,
                    "rx_pkts": 175036728,
                    "speed": 1000,
                    "tx_bytes": 29933358175,
                    "tx_pkts": 81300984,
                    "up": true
                  },
                  "eth1": {
                    "full_duplex": false,
                    "rx_bytes": 0,
                    "rx_errors": 0,
                    "rx_pkts": 0,
                    "speed": 0,
                    "tx_bytes": 0,
                    "tx_pkts": 0,
                    "up": false
                  }
                },
                "power_budget": 0,
                "power_constrained": false,
                "power_opmode": "",
                "power_src": "LLDP",
                "radio_stat": {
                  "band_24": {
                    "bandwidth": 20,
                    "channel": 1,
                    "dynamic_chaining_enalbed": null,
                    "mac": "ac2316fc3fa0",
                    "noise_floor": -47,
                    "num_clients": 0,
                    "power": 3,
                    "rx_bytes": 21349,
                    "rx_pkts": 182,
                    "tx_bytes": 481544,
                    "tx_pkts": 8506,
                    "usage": "24",
                    "util_all": 93,
                    "util_non_wifi": 33,
                    "util_rx_in_bss": 0,
                    "util_rx_other_bss": 46,
                    "util_tx": 5,
                    "util_undecodable_wifi": 0,
                    "util_unknown_wifi": 8
                  },
                  "band_5": {
                    "bandwidth": 20,
                    "channel": 136,
                    "dynamic_chaining_enalbed": null,
                    "mac": "ac2316fc3f90",
                    "noise_floor": -96,
                    "num_clients": 3,
                    "power": 12,
                    "rx_bytes": 146085698,
                    "rx_pkts": 58629089,
                    "tx_bytes": 3843520710,
                    "tx_pkts": 117793968,
                    "usage": "5",
                    "util_all": 23,
                    "util_non_wifi": 0,
                    "util_rx_in_bss": 0,
                    "util_rx_other_bss": 14,
                    "util_tx": 8,
                    "util_undecodable_wifi": 0,
                    "util_unknown_wifi": 1
                  },
                  "band_6": {
                    "bandwidth": 160,
                    "channel": 37,
                    "dynamic_chaining_enalbed": null,
                    "mac": "ac2316fc3f80",
                    "noise_floor": -91,
                    "num_clients": 0,
                    "power": 15,
                    "rx_bytes": 4212733127,
                    "rx_pkts": 10835282,
                    "tx_bytes": 15841787,
                    "tx_pkts": 16738803,
                    "usage": "6",
                    "util_all": 9,
                    "util_non_wifi": 0,
                    "util_rx_in_bss": 0,
                    "util_rx_other_bss": 6,
                    "util_tx": 2,
                    "util_undecodable_wifi": 0,
                    "util_unknown_wifi": 0
                  }
                },
                "rx_bps": 5998,
                "rx_bytes": 4358840174,
                "rx_pkts": 69464553,
                "serial": "A18252202000F",
                "site_id": "978c48e6-6ef6-11e6-8bbf-02e208b2d34f",
                "status": "connected",
                "switch_redundancy": {
                  "num_redundant_aps": 3
                },
                "tx_bps": 4724,
                "tx_bytes": 3859844041,
                "tx_pkts": 134541277,
                "uptime": 6468206,
                "usb_stat": null,
                "version": "0.14.29384",
                "x": 380.62,
                "y": 484.89944
              },
              {
                "auto_placement": null,
                "auto_upgrade_stat": {
                  "lastcheck": 1720861980
                },
                "ble_stat": {
                  "beacon_enabled": false,
                  "beacon_rate": 4,
                  "eddystone_uid_enabled": false,
                  "eddystone_uid_freq_msec": 1000,
                  "eddystone_uid_instance": "5c5b353e4eca",
                  "eddystone_uid_namespace": "9777c1a06ef611e68bbf",
                  "eddystone_url_enabled": false,
                  "eddystone_url_freq_msec": 1000,
                  "eddystone_url_url": "",
                  "ibeacon_enabled": false,
                  "ibeacon_freq_msec": 1000,
                  "ibeacon_major": 653,
                  "ibeacon_minor": 10976,
                  "ibeacon_uuid": "9777c1a0-6ef6-11e6-8bbf-02e208b2d34f",
                  "major": 653,
                  "minors": [
                    10976,
                    10977,
                    10978,
                    10979,
                    10980,
                    10981,
                    10982,
                    10983,
                    10984
                  ],
                  "power": 8,
                  "rx_bytes": 1139129529,
                  "rx_pkts": 262058459,
                  "tx_bytes": 907025736,
                  "tx_pkts": 44322784,
                  "tx_resets": 0,
                  "uuid": "9777c1a0-6ef6-11e6-8bbf-02e208b2d34f"
                },
                "cert_expiry": 1725120300,
                "config_reverted": false,
                "cpu_system": 16681607,
                "cpu_util": 5,
                "created_time": 1663256275,
                "deviceprofile_id": null,
                "env_stat": {
                  "accel_x": 0.046875,
                  "accel_y": -0.0625,
                  "accel_z": -0.9375,
                  "ambient_temp": 0,
                  "attitude": 39,
                  "cpu_temp": 57,
                  "humidity": 0,
                  "magne_x": 51.2,
                  "magne_y": -102.4,
                  "magne_z": 204.8,
                  "pressure": 0,
                  "vcore_voltage": 0
                },
                "esl_stat": null,
                "ext_ip": "98.51.212.195",
                "fwupdate": {
                  "progress": 100,
                  "status": "success",
                  "status_id": 8,
                  "timestamp": 1714395673.7762384,
                  "will_retry": false
                },
                "hw_rev": "D5",
                "id": "00000000-0000-0000-1000-5c5b353e4eca",
                "inactive_wired_vlans": [
                  900,
                  21
                ],
                "iot_stat": {},
                "ip": "10.100.1.45",
                "ip_config": null,
                "ip_stat": {
                  "dhcp_server": "10.100.0.1",
                  "dns": [
                    "1.1.1.1",
                    "2.2.2.2"
                  ],
                  "dns_suffix": null,
                  "gateway": "10.100.0.1",
                  "gateway6": null,
                  "ip": "10.100.1.45",
                  "ip6": "fe80:0:0:0:5e5b:35ff:fe3e:4eca",
                  "ips": {
                    "vlan1": "10.100.1.45/23,fe80:0:0:0:5e5b:35ff:fe3e:4eca/64"
                  },
                  "netmask": "255.255.254.0",
                  "netmask6": "/64"
                },
                "l2tp_stat": {},
                "last_seen": 1720863935,
                "last_trouble": {
                  "code": "18",
                  "timestamp": 1720863890
                },
                "led": null,
                "lldp_stat": {
                  "chassis_id": "24:5a:4c:14:4b:7e",
                  "lldp_med_supported": true,
                  "mgmt_addr": "",
                  "mgmt_addrs": [],
                  "port_desc": "Port 1",
                  "port_id": "Port 1",
                  "power_allocated": 19500,
                  "power_draw": 19500,
                  "power_request_count": 1,
                  "power_requested": 19500,
                  "system_desc": "US-XG-6PoE, 5.76.7.13442, Linux 3.6.5",
                  "system_name": "US-XG-6PoE"
                },
                "locating": false,
                "locked": null,
                "mac": "5c5b353e4eca",
                "map_id": "21f849d4-d12f-4feb-b40f-5be0e2aef8cf",
                "mem_used_kb": 116980,
                "mesh_downlinks": null,
                "mesh_uplink": null,
                "model": "AP41",
                "modified_time": 1716390934,
                "mount": "faceup",
                "name": "LD_IDF_B_AP-3rd-Party-Switch",
                "notes": "",
                "num_clients": 0,
                "org_id": "9777c1a0-6ef6-11e6-8bbf-02e208b2d34f",
                "port_stat": {
                  "eth0": {
                    "full_duplex": true,
                    "rx_bytes": 4285537486,
                    "rx_errors": 0,
                    "rx_pkts": 26874820,
                    "speed": 1000,
                    "tx_bytes": 10393756571,
                    "tx_pkts": 10797687,
                    "up": true
                  },
                  "eth1": {
                    "full_duplex": false,
                    "rx_bytes": 0,
                    "rx_errors": 0,
                    "rx_pkts": 0,
                    "speed": 0,
                    "tx_bytes": 0,
                    "tx_pkts": 0,
                    "up": false
                  },
                  "module": {
                    "full_duplex": false,
                    "rx_bytes": 0,
                    "rx_errors": 0,
                    "rx_pkts": 0,
                    "speed": 0,
                    "tx_bytes": 0,
                    "tx_pkts": 0,
                    "up": false
                  }
                },
                "power_budget": 0,
                "power_constrained": false,
                "power_opmode": "",
                "power_src": "LLDP",
                "radio_stat": {
                  "band_24": {
                    "bandwidth": 20,
                    "channel": 6,
                    "dynamic_chaining_enalbed": null,
                    "mac": "5c5b35315ae0",
                    "noise_floor": -78,
                    "num_clients": 0,
                    "power": 3,
                    "rx_bytes": 27913393,
                    "rx_pkts": 320727,
                    "tx_bytes": 977451115,
                    "tx_pkts": 7500855,
                    "usage": "24",
                    "util_all": 77,
                    "util_non_wifi": 21,
                    "util_rx_in_bss": 0,
                    "util_rx_other_bss": 38,
                    "util_tx": 10,
                    "util_undecodable_wifi": 0,
                    "util_unknown_wifi": 8
                  },
                  "band_5": {
                    "bandwidth": 0,
                    "channel": 0,
                    "dynamic_chaining_enalbed": null,
                    "mac": null,
                    "noise_floor": -95,
                    "num_clients": 0,
                    "power": 0,
                    "rx_bytes": 0,
                    "rx_pkts": 0,
                    "tx_bytes": 0,
                    "tx_pkts": 0,
                    "usage": "5",
                    "util_all": 0,
                    "util_non_wifi": 0,
                    "util_rx_in_bss": 0,
                    "util_rx_other_bss": 0,
                    "util_tx": 0,
                    "util_undecodable_wifi": 0,
                    "util_unknown_wifi": 0
                  },
                  "band_6": null
                },
                "rx_bps": 0,
                "rx_bytes": 27913393,
                "rx_pkts": 320727,
                "serial": "1000418020443",
                "site_id": "978c48e6-6ef6-11e6-8bbf-02e208b2d34f",
                "status": "connected",
                "switch_redundancy": {
                  "num_redundant_aps": 1
                },
                "tx_bps": 0,
                "tx_bytes": 977451115,
                "tx_pkts": 7500855,
                "uptime": 6468248,
                "usb_stat": null,
                "version": "0.14.29384",
                "x": 1248.4240800372502,
                "y": 1505.520690211897
              },
              {
                "auto_placement": null,
                "auto_upgrade_stat": {
                  "lastcheck": 1720861991
                },
                "ble_stat": {
                  "beacon_enabled": true,
                  "beacon_rate": 4,
                  "eddystone_uid_enabled": false,
                  "eddystone_uid_freq_msec": 1000,
                  "eddystone_uid_instance": "a8f7d9817412",
                  "eddystone_uid_namespace": "9777c1a06ef611e68bbf",
                  "eddystone_url_enabled": false,
                  "eddystone_url_freq_msec": 1000,
                  "eddystone_url_url": "",
                  "ibeacon_enabled": false,
                  "ibeacon_freq_msec": 1000,
                  "ibeacon_major": 866,
                  "ibeacon_minor": 55264,
                  "ibeacon_uuid": "9777c1a0-6ef6-11e6-8bbf-02e208b2d34f",
                  "major": 866,
                  "minors": [
                    55264,
                    55265,
                    55266,
                    55267,
                    55268,
                    55269,
                    55270,
                    55271,
                    55272,
                    55273
                  ],
                  "power": 8,
                  "rx_bytes": 218851973,
                  "rx_pkts": 6587338,
                  "tx_bytes": 1267796,
                  "tx_pkts": 208661,
                  "tx_resets": 0,
                  "uuid": "9777c1a0-6ef6-11e6-8bbf-02e208b2d34f"
                },
                "cert_expiry": 1750790772,
                "config_reverted": false,
                "cpu_system": 11257178,
                "cpu_util": 2,
                "created_time": 1719254768,
                "deviceprofile_id": null,
                "env_stat": {
                  "accel_x": -0.044,
                  "accel_y": -1.016,
                  "accel_z": -0.012,
                  "ambient_temp": 0,
                  "attitude": 0,
                  "cpu_temp": 55,
                  "humidity": 0,
                  "magne_x": 0,
                  "magne_y": 0,
                  "magne_z": 0,
                  "pressure": 0,
                  "vcore_voltage": 0
                },
                "esl_stat": null,
                "ext_ip": "135.23.128.67",
                "fwupdate": null,
                "hw_rev": "AA",
                "id": "00000000-0000-0000-1000-a8f7d9817412",
                "inactive_wired_vlans": [],
                "iot_stat": {},
                "ip": "10.1.1.119",
                "ip_config": null,
                "ip_stat": {
                  "dhcp_server": "10.1.1.1",
                  "dns": [
                    "8.8.8.8",
                    "4.2.2.2",
                    "1.1.1.1"
                  ],
                  "dns_suffix": null,
                  "gateway": "10.1.1.1",
                  "gateway6": null,
                  "ip": "10.1.1.119",
                  "ip6": "fe80:0:0:0:aaf7:d9ff:fe81:7412",
                  "ips": {
                    "vlan1": "10.1.1.119/24,fe80:0:0:0:aaf7:d9ff:fe81:7412/64",
                    "vlan40": "fe80:0:0:0:aaf7:d9ff:fe81:7412/64"
                  },
                  "netmask": "255.255.255.0",
                  "netmask6": "/64"
                },
                "l2tp_stat": {},
                "last_seen": 1720863946,
                "last_trouble": {
                  "code": "05",
                  "timestamp": 1720843689
                },
                "led": null,
                "lldp_stat": {
                  "chassis_id": "bc:0f:fe:fb:66:44",
                  "lldp_med_supported": true,
                  "mgmt_addr": "bc-0f-fe-fb-66-44",
                  "mgmt_addrs": [
                    "bc-0f-fe-fb-66-44"
                  ],
                  "port_desc": "mge-0/0/6",
                  "port_id": "mge-0/0/6",
                  "power_allocated": 29300,
                  "power_draw": 29300,
                  "power_request_count": 4,
                  "power_requested": 29300,
                  "system_desc": "Juniper Networks, Inc. ex4100-24mp Ethernet Switch, kernel JUNOS 22.4R3-S2.12, Build date: 2024-05-18 12:53:52 UTC Copyright (c) 1996-2024 Juniper Networks, Inc.",
                  "system_name": "sdwan_richmond_hill_sw3_ex41_24mp-v0"
                },
                "locating": null,
                "locked": null,
                "mac": "a8f7d9817412",
                "map_id": null,
                "mem_used_kb": 503956,
                "mesh_downlinks": null,
                "mesh_uplink": null,
                "model": "AP45",
                "modified_time": 1719266819,
                "mount": "vertical",
                "name": "sdwan_richmond_hill_ap1_office",
                "notes": "",
                "num_clients": 0,
                "org_id": "9777c1a0-6ef6-11e6-8bbf-02e208b2d34f",
                "port_stat": {
                  "eth0": {
                    "full_duplex": true,
                    "rx_bytes": 13530621411,
                    "rx_errors": 0,
                    "rx_pkts": 23452445,
                    "speed": 5000,
                    "tx_bytes": 2339420881,
                    "tx_pkts": 6879753,
                    "up": true
                  },
                  "eth1": {
                    "full_duplex": false,
                    "rx_bytes": 734603,
                    "rx_errors": 0,
                    "rx_pkts": 6871,
                    "speed": 0,
                    "tx_bytes": 14193718,
                    "tx_pkts": 52507,
                    "up": false
                  }
                },
                "power_budget": 0,
                "power_constrained": false,
                "power_opmode": "",
                "power_src": "LLDP",
                "radio_stat": {
                  "band_24": {
                    "bandwidth": 20,
                    "channel": 11,
                    "dynamic_chaining_enalbed": null,
                    "mac": "a8f7d9961520",
                    "noise_floor": -96,
                    "num_clients": 0,
                    "power": 12,
                    "rx_bytes": 80534488,
                    "rx_pkts": 422690,
                    "tx_bytes": 1087041517,
                    "tx_pkts": 868052,
                    "usage": "24",
                    "util_all": 34,
                    "util_non_wifi": 3,
                    "util_rx_in_bss": 0,
                    "util_rx_other_bss": 28,
                    "util_tx": 1,
                    "util_undecodable_wifi": 0,
                    "util_unknown_wifi": 2
                  },
                  "band_5": {
                    "bandwidth": 20,
                    "channel": 157,
                    "dynamic_chaining_enalbed": null,
                    "mac": "a8f7d9961510",
                    "noise_floor": -98,
                    "num_clients": 0,
                    "power": 12,
                    "rx_bytes": 1552739395,
                    "rx_pkts": 5419189,
                    "tx_bytes": 3006180046,
                    "tx_pkts": 7949564,
                    "usage": "5",
                    "util_all": 3,
                    "util_non_wifi": 0,
                    "util_rx_in_bss": 0,
                    "util_rx_other_bss": 2,
                    "util_tx": 1,
                    "util_undecodable_wifi": 0,
                    "util_unknown_wifi": 0
                  },
                  "band_6": {
                    "bandwidth": 40,
                    "channel": 149,
                    "dynamic_chaining_enalbed": null,
                    "mac": "a8f7d9961500",
                    "noise_floor": -96,
                    "num_clients": 0,
                    "power": 14,
                    "rx_bytes": 0,
                    "rx_pkts": 0,
                    "tx_bytes": 0,
                    "tx_pkts": 0,
                    "usage": "6",
                    "util_all": 0,
                    "util_non_wifi": 0,
                    "util_rx_in_bss": 0,
                    "util_rx_other_bss": 0,
                    "util_tx": 0,
                    "util_undecodable_wifi": 0,
                    "util_unknown_wifi": 0
                  }
                },
                "rx_bps": 0,
                "rx_bytes": 1633273883,
                "rx_pkts": 5841879,
                "serial": "A164522020182",
                "site_id": "5d3eb59c-7fd9-4605-abc9-6e70a9290eaf",
                "status": "connected",
                "switch_redundancy": {
                  "num_redundant_aps": 1
                },
                "tx_bps": 0,
                "tx_bytes": 4093221563,
                "tx_pkts": 8817616,
                "uptime": 1442384,
                "usb_stat": null,
                "version": "0.14.29411",
                "x": null,
                "y": null
              },
              {
                "auto_placement": null,
                "auto_upgrade_stat": {
                  "lastcheck": 1720862212
                },
                "ble_stat": {
                  "beacon_enabled": true,
                  "beacon_rate": 4,
                  "eddystone_uid_enabled": false,
                  "eddystone_uid_freq_msec": 1000,
                  "eddystone_uid_instance": "a8537d8a7585",
                  "eddystone_uid_namespace": "9777c1a06ef611e68bbf",
                  "eddystone_url_enabled": false,
                  "eddystone_url_freq_msec": 1000,
                  "eddystone_url_url": "",
                  "ibeacon_enabled": false,
                  "ibeacon_freq_msec": 1000,
                  "ibeacon_major": 900,
                  "ibeacon_minor": 35968,
                  "ibeacon_uuid": "9777c1a0-6ef6-11e6-8bbf-02e208b2d34f",
                  "major": 900,
                  "minors": [
                    -1
                  ],
                  "power": 8,
                  "rx_bytes": 2943297348,
                  "rx_pkts": 68775101,
                  "tx_bytes": 3405259,
                  "tx_pkts": 570794,
                  "tx_resets": 0,
                  "uuid": "9777c1a0-6ef6-11e6-8bbf-02e208b2d34f"
                },
                "cert_expiry": null,
                "config_reverted": false,
                "cpu_system": 4691326,
                "cpu_util": 20,
                "created_time": 1719357100,
                "deviceprofile_id": null,
                "env_stat": {
                  "accel_x": 0,
                  "accel_y": 0,
                  "accel_z": 0,
                  "ambient_temp": 0,
                  "attitude": 0,
                  "cpu_temp": 0,
                  "humidity": 0,
                  "magne_x": 0,
                  "magne_y": 0,
                  "magne_z": 0,
                  "pressure": 0,
                  "vcore_voltage": 0
                },
                "esl_stat": null,
                "ext_ip": "66.129.239.12",
                "fwupdate": null,
                "hw_rev": "02",
                "id": "00000000-0000-0000-1000-a8537d8a7585",
                "inactive_wired_vlans": [],
                "iot_stat": {},
                "ip": "10.10.50.52",
                "ip_config": null,
                "ip_stat": {
                  "dhcp_server": "10.10.50.1",
                  "dns": [
                    "8.8.8.8",
                    "1.1.1.1"
                  ],
                  "dns_suffix": null,
                  "gateway": "10.10.50.1",
                  "gateway6": null,
                  "ip": "10.10.50.52",
                  "ip6": "fe80:0:0:0:aa53:7dff:fe8a:7585",
                  "ips": {
                    "vlan1": "10.10.50.52/24,fe80:0:0:0:aa53:7dff:fe8a:7585/64"
                  },
                  "netmask": "255.255.255.0",
                  "netmask6": "/64"
                },
                "l2tp_stat": {},
                "last_seen": 1720863919,
                "last_trouble": {
                  "code": "05",
                  "timestamp": 1719421990
                },
                "led": null,
                "lldp_stat": {
                  "chassis_id": "",
                  "lldp_med_supported": false,
                  "mgmt_addr": "",
                  "mgmt_addrs": [],
                  "port_desc": "",
                  "port_id": "",
                  "power_allocated": 0,
                  "power_draw": 0,
                  "power_request_count": 0,
                  "power_requested": 0,
                  "system_desc": "",
                  "system_name": ""
                },
                "locating": null,
                "locked": null,
                "mac": "a8537d8a7585",
                "map_id": null,
                "mem_used_kb": 120144,
                "mesh_downlinks": null,
                "mesh_uplink": null,
                "model": "AP24",
                "modified_time": 1719357100,
                "mount": null,
                "name": "",
                "notes": null,
                "num_clients": 0,
                "org_id": "9777c1a0-6ef6-11e6-8bbf-02e208b2d34f",
                "port_stat": {
                  "eth0": {
                    "full_duplex": true,
                    "rx_bytes": 24033335,
                    "rx_errors": 0,
                    "rx_pkts": 297859,
                    "speed": 1000,
                    "tx_bytes": 52697930,
                    "tx_pkts": 185344,
                    "up": true
                  }
                },
                "power_budget": 920,
                "power_constrained": false,
                "power_opmode": "",
                "power_src": "PoE 802.3af",
                "radio_stat": {
                  "band_24": {
                    "bandwidth": 0,
                    "channel": 6,
                    "dynamic_chaining_enalbed": null,
                    "mac": null,
                    "noise_floor": -95,
                    "num_clients": 0,
                    "power": 0,
                    "rx_bytes": 0,
                    "rx_pkts": 0,
                    "tx_bytes": 0,
                    "tx_pkts": 0,
                    "usage": "24",
                    "util_all": 0,
                    "util_non_wifi": 0,
                    "util_rx_in_bss": 0,
                    "util_rx_other_bss": 0,
                    "util_tx": 0,
                    "util_undecodable_wifi": 0,
                    "util_unknown_wifi": 0
                  },
                  "band_5": {
                    "bandwidth": 0,
                    "channel": 157,
                    "dynamic_chaining_enalbed": null,
                    "mac": null,
                    "noise_floor": -100,
                    "num_clients": 0,
                    "power": 0,
                    "rx_bytes": 0,
                    "rx_pkts": 0,
                    "tx_bytes": 0,
                    "tx_pkts": 0,
                    "usage": "5",
                    "util_all": 0,
                    "util_non_wifi": 0,
                    "util_rx_in_bss": 0,
                    "util_rx_other_bss": 0,
                    "util_tx": 0,
                    "util_undecodable_wifi": 0,
                    "util_unknown_wifi": 0
                  },
                  "band_6": null
                },
                "rx_bps": 0,
                "rx_bytes": 0,
                "rx_pkts": 0,
                "serial": "A194522060063",
                "site_id": "abe3b357-fd9d-4af3-b76b-5ab740942289",
                "status": "connected",
                "switch_redundancy": {
                  "num_redundant_aps": 0
                },
                "tx_bps": 0,
                "tx_bytes": 0,
                "tx_pkts": 0,
                "uptime": 293493,
                "usb_stat": null,
                "version": "0.13.27775",
                "x": null,
                "y": null
              },
              {
                "auto_placement": null,
                "auto_upgrade_stat": {
                  "lastcheck": 1720862434
                },
                "ble_stat": {
                  "beacon_enabled": true,
                  "beacon_rate": 4,
                  "eddystone_uid_enabled": false,
                  "eddystone_uid_freq_msec": 1000,
                  "eddystone_uid_instance": "a83a7930190f",
                  "eddystone_uid_namespace": "9777c1a06ef611e68bbf",
                  "eddystone_url_enabled": false,
                  "eddystone_url_freq_msec": 1000,
                  "eddystone_url_url": "",
                  "ibeacon_enabled": false,
                  "ibeacon_freq_msec": 1000,
                  "ibeacon_major": 797,
                  "ibeacon_minor": 48832,
                  "ibeacon_uuid": "9777c1a0-6ef6-11e6-8bbf-02e208b2d34f",
                  "major": 797,
                  "minors": [
                    48832,
                    48833,
                    48834,
                    48835,
                    48836,
                    48837,
                    48838,
                    48839,
                    48840,
                    48841
                  ],
                  "power": 8,
                  "rx_bytes": 391719106,
                  "rx_pkts": 10407375,
                  "tx_bytes": 21505070,
                  "tx_pkts": 1279108,
                  "tx_resets": 0,
                  "uuid": "9777c1a0-6ef6-11e6-8bbf-02e208b2d34f"
                },
                "cert_expiry": 1727815781,
                "config_reverted": false,
                "cpu_system": 579949378,
                "cpu_util": 82,
                "created_time": 1696279778,
                "deviceprofile_id": "53396580-9167-4852-b09c-7254b68995d0",
                "env_stat": {
                  "accel_x": 0,
                  "accel_y": -0.032,
                  "accel_z": 1.004,
                  "ambient_temp": 0,
                  "attitude": 0,
                  "cpu_temp": 63,
                  "humidity": 0,
                  "magne_x": 0,
                  "magne_y": 0,
                  "magne_z": 0,
                  "pressure": 0,
                  "vcore_voltage": 0
                },
                "esl_stat": null,
                "ext_ip": "98.51.212.195",
                "fwupdate": {
                  "progress": 100,
                  "status": "success",
                  "status_id": 8,
                  "timestamp": 1714395680.8208418,
                  "will_retry": false
                },
                "hw_rev": "AA",
                "id": "00000000-0000-0000-1000-a83a7930190f",
                "inactive_wired_vlans": [
                  900,
                  21
                ],
                "iot_stat": {},
                "ip": "10.100.0.128",
                "ip_config": {
                  "dns": [],
                  "dns_suffix": [],
                  "gateway": null,
                  "gateway6": null,
                  "ip": null,
                  "ip6": null,
                  "mtu": 0,
                  "netmask": null,
                  "netmask6": null,
                  "type": "dhcp",
                  "type6": null,
                  "vlan_id": null
                },
                "ip_stat": {
                  "dhcp_server": "10.100.0.1",
                  "dns": [
                    "1.1.1.1",
                    "2.2.2.2"
                  ],
                  "dns_suffix": null,
                  "gateway": "10.100.0.1",
                  "gateway6": null,
                  "ip": "10.100.0.128",
                  "ip6": "fe80:0:0:0:aa3a:79ff:fe30:190f",
                  "ips": {
                    "vlan1": "10.100.0.128/23,fe80:0:0:0:aa3a:79ff:fe30:190f/64",
                    "vlan2": "fe80:0:0:0:aa3a:79ff:fe30:190f/64"
                  },
                  "netmask": "255.255.254.0",
                  "netmask6": "/64"
                },
                "l2tp_stat": {},
                "last_seen": 1720863902,
                "last_trouble": {
                  "code": "07",
                  "timestamp": 1719540433
                },
                "led": null,
                "lldp_stat": {
                  "chassis_id": "60:c7:8d:93:9c:0f",
                  "lldp_med_supported": true,
                  "mgmt_addr": "60-c7-8d-93-9c-0f",
                  "mgmt_addrs": [
                    "60-c7-8d-93-9c-0f"
                  ],
                  "port_desc": "mge-0/0/8",
                  "port_id": "mge-0/0/8",
                  "power_allocated": 0,
                  "power_draw": 30300,
                  "power_request_count": 207211,
                  "power_requested": 30200,
                  "system_desc": "Juniper Networks, Inc. ex4100-48mp Ethernet Switch, kernel JUNOS 22.4R3.25, Build date: 2024-02-10 00:49:09 UTC Copyright (c) 1996-2024 Juniper Networks, Inc.",
                  "system_name": "ld-cup-idf-bb"
                },
                "locating": false,
                "locked": null,
                "mac": "a83a7930190f",
                "map_id": "21f849d4-d12f-4feb-b40f-5be0e2aef8cf",
                "mem_used_kb": 598604,
                "mesh_downlinks": null,
                "mesh_uplink": null,
                "model": "AP45",
                "modified_time": 1720637052,
                "mount": "facedown",
                "name": "LD_DataScience",
                "notes": "",
                "num_clients": 7,
                "org_id": "9777c1a0-6ef6-11e6-8bbf-02e208b2d34f",
                "port_stat": {
                  "eth0": {
                    "full_duplex": true,
                    "rx_bytes": 373411687837,
                    "rx_errors": 0,
                    "rx_pkts": 536395596,
                    "speed": 2500,
                    "tx_bytes": 330403231386,
                    "tx_pkts": 586635811,
                    "up": true
                  },
                  "eth1": {
                    "full_duplex": false,
                    "rx_bytes": 0,
                    "rx_errors": 0,
                    "rx_pkts": 0,
                    "speed": 0,
                    "tx_bytes": 0,
                    "tx_pkts": 0,
                    "up": false
                  }
                },
                "power_budget": 20700,
                "power_constrained": false,
                "power_opmode": "",
                "power_src": "PoE 802.3bt",
                "radio_stat": {
                  "band_24": {
                    "bandwidth": 20,
                    "channel": 36,
                    "dynamic_chaining_enalbed": null,
                    "mac": "a83a7934bb60",
                    "noise_floor": -98,
                    "num_clients": 5,
                    "power": 11,
                    "rx_bytes": 2437809643,
                    "rx_pkts": 234131824,
                    "tx_bytes": 3731413736,
                    "tx_pkts": 192670878,
                    "usage": "5",
                    "util_all": 54,
                    "util_non_wifi": 3,
                    "util_rx_in_bss": 0,
                    "util_rx_other_bss": 39,
                    "util_tx": 8,
                    "util_undecodable_wifi": 2,
                    "util_unknown_wifi": 3
                  },
                  "band_5": {
                    "bandwidth": 20,
                    "channel": 132,
                    "dynamic_chaining_enalbed": null,
                    "mac": "a83a7934bb50",
                    "noise_floor": -97,
                    "num_clients": 1,
                    "power": 11,
                    "rx_bytes": 1868782408,
                    "rx_pkts": 308169146,
                    "tx_bytes": 4023176636,
                    "tx_pkts": 222158304,
                    "usage": "5",
                    "util_all": 40,
                    "util_non_wifi": 1,
                    "util_rx_in_bss": 0,
                    "util_rx_other_bss": 32,
                    "util_tx": 6,
                    "util_undecodable_wifi": 0,
                    "util_unknown_wifi": 1
                  },
                  "band_6": {
                    "bandwidth": 160,
                    "channel": 197,
                    "dynamic_chaining_enalbed": null,
                    "mac": "a83a7934bb40",
                    "noise_floor": -90,
                    "num_clients": 1,
                    "power": 14,
                    "rx_bytes": 2430508088,
                    "rx_pkts": 31188850,
                    "tx_bytes": 659481874,
                    "tx_pkts": 42950476,
                    "usage": "6",
                    "util_all": 17,
                    "util_non_wifi": 9,
                    "util_rx_in_bss": 0,
                    "util_rx_other_bss": 5,
                    "util_tx": 2,
                    "util_undecodable_wifi": 1,
                    "util_unknown_wifi": 1
                  }
                },
                "rx_bps": 2182,
                "rx_bytes": 6737100139,
                "rx_pkts": 573489820,
                "serial": "A160823021200",
                "site_id": "978c48e6-6ef6-11e6-8bbf-02e208b2d34f",
                "status": "connected",
                "switch_redundancy": {
                  "num_redundant_aps": 1
                },
                "tx_bps": 0,
                "tx_bytes": 8414072246,
                "tx_pkts": 457779658,
                "uptime": 6468199,
                "usb_stat": null,
                "version": "0.14.29384",
                "x": 844.3748834852237,
                "y": 1149.2549542499871
              },
              {
                "auto_placement": null,
                "auto_upgrade_stat": {
                  "lastcheck": 1720862633
                },
                "ble_stat": {
                  "beacon_enabled": true,
                  "beacon_rate": 4,
                  "eddystone_uid_enabled": false,
                  "eddystone_uid_freq_msec": 1000,
                  "eddystone_uid_instance": "5433c60acbcf",
                  "eddystone_uid_namespace": "9777c1a06ef611e68bbf",
                  "eddystone_url_enabled": false,
                  "eddystone_url_freq_msec": 1000,
                  "eddystone_url_url": "",
                  "ibeacon_enabled": false,
                  "ibeacon_freq_msec": 1000,
                  "ibeacon_major": 866,
                  "ibeacon_minor": 55296,
                  "ibeacon_uuid": "9777c1a0-6ef6-11e6-8bbf-02e208b2d34f",
                  "major": 866,
                  "minors": [
                    55296
                  ],
                  "power": 8,
                  "rx_bytes": 178025657,
                  "rx_pkts": 5356864,
                  "tx_bytes": 1309139,
                  "tx_pkts": 217126,
                  "tx_resets": 0,
                  "uuid": "9777c1a0-6ef6-11e6-8bbf-02e208b2d34f"
                },
                "cert_expiry": 1750867993,
                "config_reverted": false,
                "cpu_system": 1238028,
                "cpu_util": 2,
                "created_time": 1719254810,
                "deviceprofile_id": "3ce3ea39-06be-4473-b3c5-86c4fe22acbf",
                "env_stat": {
                  "accel_x": 0,
                  "accel_y": 0,
                  "accel_z": 0,
                  "ambient_temp": 0,
                  "attitude": 0,
                  "cpu_temp": 28,
                  "humidity": 0,
                  "magne_x": 0,
                  "magne_y": 0,
                  "magne_z": 0,
                  "pressure": 0,
                  "vcore_voltage": 0
                },
                "esl_stat": null,
                "ext_ip": "135.23.128.67",
                "fwupdate": null,
                "hw_rev": "03",
                "id": "00000000-0000-0000-1000-5433c60acbcf",
                "inactive_wired_vlans": [],
                "iot_stat": {},
                "ip": "10.1.1.102",
                "ip_config": {
                  "dns": [],
                  "dns_suffix": [],
                  "gateway": null,
                  "gateway6": null,
                  "ip": null,
                  "ip6": null,
                  "mtu": 0,
                  "netmask": null,
                  "netmask6": null,
                  "type": "dhcp",
                  "type6": null,
                  "vlan_id": null
                },
                "ip_stat": {
                  "dhcp_server": "10.1.1.1",
                  "dns": [
                    "8.8.8.8",
                    "10.0.100.6"
                  ],
                  "dns_suffix": null,
                  "gateway": "10.1.1.1",
                  "gateway6": null,
                  "ip": "10.1.1.102",
                  "ip6": "fe80:0:0:0:5633:c6ff:fe0a:cbcf",
                  "ips": {
                    "vlan1": "10.1.1.102/24,fe80:0:0:0:5633:c6ff:fe0a:cbcf/64",
                    "vlan40": "fe80:0:0:0:5633:c6ff:fe0a:cbcf/64"
                  },
                  "netmask": "255.255.255.0",
                  "netmask6": "/64"
                },
                "l2tp_stat": {},
                "last_seen": 1720863918,
                "last_trouble": {
                  "code": "07",
                  "timestamp": 1720843599
                },
                "led": null,
                "lldp_stat": {
                  "chassis_id": "10:39:e9:dd:e9:bb",
                  "lldp_med_supported": true,
                  "mgmt_addr": "10-39-e9-dd-e9-bb",
                  "mgmt_addrs": [
                    "10-39-e9-dd-e9-bb"
                  ],
                  "port_desc": "ge-0/0/4",
                  "port_id": "ge-0/0/4",
                  "power_allocated": 13000,
                  "power_draw": 13000,
                  "power_request_count": 7,
                  "power_requested": 13000,
                  "system_desc": "Juniper Networks, Inc. ex2300-c-12p Ethernet Switch, kernel JUNOS 22.4R3-S2.11, Build date: 2024-05-10 20:44:40 UTC Copyright (c) 1996-2024 Juniper Networks, Inc.",
                  "system_name": "wan_srx_toronto_sw2_ex23_12p_electrical_room"
                },
                "locating": null,
                "locked": null,
                "mac": "5433c60acbcf",
                "map_id": null,
                "mem_used_kb": 172588,
                "mesh_downlinks": null,
                "mesh_uplink": null,
                "model": "AP64",
                "modified_time": 1720445491,
                "mount": null,
                "name": "wan-srx_toronto_ap1_yard_base",
                "notes": "",
                "num_clients": 0,
                "org_id": "9777c1a0-6ef6-11e6-8bbf-02e208b2d34f",
                "port_stat": {
                  "eth0": {
                    "full_duplex": true,
                    "rx_bytes": 46405732,
                    "rx_errors": 0,
                    "rx_pkts": 273781,
                    "speed": 1000,
                    "tx_bytes": 101442528,
                    "tx_pkts": 231964,
                    "up": true
                  }
                },
                "power_budget": 50,
                "power_constrained": false,
                "power_opmode": "",
                "power_src": "LLDP",
                "radio_stat": {
                  "band_24": {
                    "bandwidth": 20,
                    "channel": 1,
                    "dynamic_chaining_enalbed": null,
                    "mac": "5433c67fb330",
                    "noise_floor": -97,
                    "num_clients": 0,
                    "power": 12,
                    "rx_bytes": 123873,
                    "rx_pkts": 622,
                    "tx_bytes": 189966,
                    "tx_pkts": 420,
                    "usage": "24",
                    "util_all": 23,
                    "util_non_wifi": 3,
                    "util_rx_in_bss": 0,
                    "util_rx_other_bss": 15,
                    "util_tx": 3,
                    "util_undecodable_wifi": 0,
                    "util_unknown_wifi": 2
                  },
                  "band_5": {
                    "bandwidth": 20,
                    "channel": 153,
                    "dynamic_chaining_enalbed": null,
                    "mac": "5433c67fb310",
                    "noise_floor": -91,
                    "num_clients": 0,
                    "power": 17,
                    "rx_bytes": 21053405,
                    "rx_pkts": 59674,
                    "tx_bytes": 4488360,
                    "tx_pkts": 30901,
                    "usage": "5",
                    "util_all": 3,
                    "util_non_wifi": 0,
                    "util_rx_in_bss": 0,
                    "util_rx_other_bss": 0,
                    "util_tx": 2,
                    "util_undecodable_wifi": 0,
                    "util_unknown_wifi": 0
                  },
                  "band_6": null
                },
                "rx_bps": 0,
                "rx_bytes": 21177278,
                "rx_pkts": 60296,
                "serial": "A20472309007F",
                "site_id": "81e8deb4-b005-404e-8b07-b352b7686101",
                "status": "connected",
                "switch_redundancy": {
                  "num_redundant_aps": 1
                },
                "tx_bps": 0,
                "tx_bytes": 4678326,
                "tx_pkts": 31321,
                "uptime": 212434,
                "usb_stat": null,
                "version": "0.14.29411",
                "x": null,
                "y": null
              },
              {
                "auto_placement": null,
                "auto_upgrade_stat": {
                  "lastcheck": 1720862715
                },
                "ble_stat": {
                  "beacon_enabled": true,
                  "beacon_rate": 4,
                  "eddystone_uid_enabled": false,
                  "eddystone_uid_freq_msec": 1000,
                  "eddystone_uid_instance": "ac2316013788",
                  "eddystone_uid_namespace": "9777c1a06ef611e68bbf",
                  "eddystone_url_enabled": false,
                  "eddystone_url_freq_msec": 1000,
                  "eddystone_url_url": "",
                  "ibeacon_enabled": false,
                  "ibeacon_freq_msec": 1000,
                  "ibeacon_major": 881,
                  "ibeacon_minor": 47920,
                  "ibeacon_uuid": "9777c1a0-6ef6-11e6-8bbf-02e208b2d34f",
                  "major": 881,
                  "minors": [
                    -1
                  ],
                  "power": 8,
                  "rx_bytes": 478584,
                  "rx_pkts": 13341,
                  "tx_bytes": 7603,
                  "tx_pkts": 1267,
                  "tx_resets": 0,
                  "uuid": "9777c1a0-6ef6-11e6-8bbf-02e208b2d34f"
                },
                "cert_expiry": 1746559883,
                "config_reverted": false,
                "cpu_system": 4383380,
                "cpu_util": 3,
                "created_time": 1715023756,
                "deviceprofile_id": null,
                "env_stat": {
                  "accel_x": 0,
                  "accel_y": 0,
                  "accel_z": 0,
                  "ambient_temp": 0,
                  "attitude": 0,
                  "cpu_temp": 56,
                  "humidity": 0,
                  "magne_x": 0,
                  "magne_y": 0,
                  "magne_z": 0,
                  "pressure": 0,
                  "vcore_voltage": 0
                },
                "esl_stat": null,
                "ext_ip": "135.23.128.67",
                "fwupdate": {
                  "progress": 100,
                  "status": "success",
                  "status_id": 8,
                  "timestamp": 1716378370.963584,
                  "will_retry": false
                },
                "hw_rev": "BC",
                "id": "00000000-0000-0000-1000-ac2316013788",
                "inactive_wired_vlans": [
                  300
                ],
                "iot_stat": {},
                "ip": "192.168.0.57",
                "ip_config": null,
                "ip_stat": {
                  "dhcp_server": "192.168.0.1",
                  "dns": [
                    "2607:f2c0:e9ca:1b0:fc77:7bff:fe2b:f4c1",
                    "192.168.0.1"
                  ],
                  "dns_suffix": null,
                  "gateway": "192.168.0.1",
                  "gateway6": null,
                  "ip": "192.168.0.57",
                  "ip6": "2607:f2c0:e9ca:1b0:0:0:0:f3da",
                  "ips": {
                    "vlan1": "192.168.0.57/24,2607:f2c0:e9ca:1b0:0:0:0:f3da/64,2607:f2c0:e9ca:1b0:ae23:16ff:fe01:3788/64,fd00:8494:8c52:7fc2:ae23:16ff:fe01:3788/64,fe80:0:0:0:ae23:16ff:fe01:3788/64",
                    "vlan1726": "192.168.157.225/27,fe80:0:0:0:ae23:16ff:fe01:3788/64",
                    "vlan300": "fe80:0:0:0:ae23:16ff:fe01:3788/64"
                  },
                  "netmask": "255.255.255.0",
                  "netmask6": "/64"
                },
                "l2tp_stat": {
                  "8e025ba0-12d6-40cb-9c48-d924526d678e": {
                    "sessions": [
                      {
                        "local_sid": -459070339,
                        "remote_id": "mxtunnel",
                        "remote_sid": 0,
                        "state": "wait-control-conn"
                      }
                    ],
                    "state": "wait-ctrl-reply",
                    "uptime": 0,
                    "wxtunnel_id": null
                  }
                },
                "last_seen": 1720863940,
                "last_trouble": {
                  "code": "07",
                  "timestamp": 1720843601
                },
                "led": null,
                "lldp_stat": {
                  "chassis_id": "00:04:96:9a:29:b9",
                  "lldp_med_supported": false,
                  "mgmt_addr": "",
                  "mgmt_addrs": [],
                  "port_desc": "",
                  "port_id": "18",
                  "power_allocated": 0,
                  "power_draw": 0,
                  "power_request_count": 0,
                  "power_requested": 0,
                  "system_desc": "ExtremeXOS (X440G2-24p-10G4) version 22.4.1.4 22.4.1.4-patch2-9 by release-manager on Fri Apr 20 07:05:15 EDT 2018",
                  "system_name": "CANGSW1"
                },
                "locating": null,
                "locked": null,
                "mac": "ac2316013788",
                "map_id": null,
                "mem_used_kb": 160532,
                "mesh_downlinks": null,
                "mesh_uplink": null,
                "model": "AP12",
                "modified_time": 1720003830,
                "mount": null,
                "name": "sdwan_teleworker-1",
                "notes": "",
                "num_clients": 0,
                "org_id": "9777c1a0-6ef6-11e6-8bbf-02e208b2d34f",
                "port_stat": {
                  "eth0": {
                    "full_duplex": true,
                    "rx_bytes": 353246459,
                    "rx_errors": 0,
                    "rx_pkts": 2235346,
                    "speed": 1000,
                    "tx_bytes": 385512545,
                    "tx_pkts": 973204,
                    "up": true
                  },
                  "eth1": {
                    "full_duplex": false,
                    "rx_bytes": 0,
                    "rx_errors": 0,
                    "rx_pkts": 0,
                    "speed": 0,
                    "tx_bytes": 0,
                    "tx_pkts": 0,
                    "up": false
                  },
                  "eth2": {
                    "full_duplex": false,
                    "rx_bytes": 0,
                    "rx_errors": 0,
                    "rx_pkts": 0,
                    "speed": 0,
                    "tx_bytes": 0,
                    "tx_pkts": 0,
                    "up": false
                  },
                  "eth3": {
                    "full_duplex": false,
                    "rx_bytes": 0,
                    "rx_errors": 0,
                    "rx_pkts": 0,
                    "speed": 0,
                    "tx_bytes": 0,
                    "tx_pkts": 0,
                    "up": false
                  }
                },
                "power_budget": 12550,
                "power_constrained": false,
                "power_opmode": "",
                "power_src": "PoE 802.3at",
                "radio_stat": {
                  "band_24": {
                    "bandwidth": 20,
                    "channel": 1,
                    "dynamic_chaining_enalbed": null,
                    "mac": "ac2316093640",
                    "noise_floor": -96,
                    "num_clients": 0,
                    "power": 12,
                    "rx_bytes": 26778,
                    "rx_pkts": 1318,
                    "tx_bytes": 273118,
                    "tx_pkts": 8810,
                    "usage": "24",
                    "util_all": 8,
                    "util_non_wifi": 2,
                    "util_rx_in_bss": 0,
                    "util_rx_other_bss": 6,
                    "util_tx": 0,
                    "util_undecodable_wifi": 0,
                    "util_unknown_wifi": 0
                  },
                  "band_5": {
                    "bandwidth": 20,
                    "channel": 36,
                    "dynamic_chaining_enalbed": null,
                    "mac": "ac2316093660",
                    "noise_floor": -97,
                    "num_clients": 0,
                    "power": 12,
                    "rx_bytes": 29558406,
                    "rx_pkts": 106779,
                    "tx_bytes": 61693099,
                    "tx_pkts": 147825,
                    "usage": "5",
                    "util_all": 3,
                    "util_non_wifi": 0,
                    "util_rx_in_bss": 0,
                    "util_rx_other_bss": 2,
                    "util_tx": 1,
                    "util_undecodable_wifi": 0,
                    "util_unknown_wifi": 0
                  },
                  "band_6": null
                },
                "rx_bps": 0,
                "rx_bytes": 29585184,
                "rx_pkts": 108097,
                "serial": "A1514220200D3",
                "site_id": "c3ecfc8c-479b-45fd-a974-e68806735fcc",
                "status": "connected",
                "switch_redundancy": {
                  "num_redundant_aps": 1
                },
                "tx_bps": 0,
                "tx_bytes": 61966217,
                "tx_pkts": 156635,
                "uptime": 825932,
                "usb_stat": null,
                "version": "0.14.29411",
                "x": null,
                "y": null
              },
              {
                "auto_placement": null,
                "auto_upgrade_stat": {
                  "lastcheck": 1720862773
                },
                "ble_stat": {
                  "beacon_enabled": true,
                  "beacon_rate": 4,
                  "eddystone_uid_enabled": false,
                  "eddystone_uid_freq_msec": 1000,
                  "eddystone_uid_instance": "ac2316fc05e6",
                  "eddystone_uid_namespace": "9777c1a06ef611e68bbf",
                  "eddystone_url_enabled": false,
                  "eddystone_url_freq_msec": 1000,
                  "eddystone_url_url": "",
                  "ibeacon_enabled": false,
                  "ibeacon_freq_msec": 1000,
                  "ibeacon_major": 653,
                  "ibeacon_minor": 10912,
                  "ibeacon_uuid": "9777c1a0-6ef6-11e6-8bbf-02e208b2d34f",
                  "major": 653,
                  "minors": [
                    10912
                  ],
                  "power": 8,
                  "rx_bytes": 351324403,
                  "rx_pkts": 9535120,
                  "tx_bytes": 26099769,
                  "tx_pkts": 1305309,
                  "tx_resets": 0,
                  "uuid": "9777c1a0-6ef6-11e6-8bbf-02e208b2d34f"
                },
                "cert_expiry": 1725119689,
                "config_reverted": false,
                "cpu_system": 925900322,
                "cpu_util": 83,
                "created_time": 1663256156,
                "deviceprofile_id": "53396580-9167-4852-b09c-7254b68995d0",
                "env_stat": {
                  "accel_x": 0.051,
                  "accel_y": 0.033,
                  "accel_z": 1.035,
                  "ambient_temp": 0,
                  "attitude": 0,
                  "cpu_temp": 0,
                  "humidity": 0,
                  "magne_x": 0,
                  "magne_y": 0,
                  "magne_z": 0,
                  "pressure": 0,
                  "vcore_voltage": 0
                },
                "esl_stat": null,
                "ext_ip": "98.51.212.195",
                "fwupdate": {
                  "progress": 100,
                  "status": "success",
                  "status_id": 8,
                  "timestamp": 1714395678.4677489,
                  "will_retry": false
                },
                "hw_rev": "03",
                "id": "00000000-0000-0000-1000-ac2316fc05e6",
                "inactive_wired_vlans": [
                  24,
                  10,
                  900,
                  21
                ],
                "iot_stat": {},
                "ip": "10.100.0.42",
                "ip_config": {
                  "dns": [],
                  "dns_suffix": [],
                  "gateway": null,
                  "gateway6": null,
                  "ip": null,
                  "ip6": null,
                  "mtu": 0,
                  "netmask": null,
                  "netmask6": null,
                  "type": "dhcp",
                  "type6": null,
                  "vlan_id": null
                },
                "ip_stat": {
                  "dhcp_server": "10.100.0.1",
                  "dns": [
                    "1.1.1.1",
                    "2.2.2.2"
                  ],
                  "dns_suffix": null,
                  "gateway": "10.100.0.1",
                  "gateway6": null,
                  "ip": "10.100.0.42",
                  "ip6": "fe80:0:0:0:ae23:16ff:fefc:5e6",
                  "ips": {
                    "vlan1": "10.100.0.42/23,fe80:0:0:0:ae23:16ff:fefc:5e6/64",
                    "vlan2": "fe80:0:0:0:ae23:16ff:fefc:5e6/64"
                  },
                  "netmask": "255.255.254.0",
                  "netmask6": "/64"
                },
                "l2tp_stat": {},
                "last_seen": 1720863925,
                "last_trouble": {
                  "code": "07",
                  "timestamp": 1719540432
                },
                "led": null,
                "lldp_stat": {
                  "chassis_id": "60:c7:8d:93:9c:0f",
                  "lldp_med_supported": true,
                  "mgmt_addr": "60-c7-8d-93-9c-0f",
                  "mgmt_addrs": [
                    "60-c7-8d-93-9c-0f"
                  ],
                  "port_desc": "mge-0/0/0",
                  "port_id": "mge-0/0/0",
                  "power_allocated": 20900,
                  "power_draw": 20900,
                  "power_request_count": 6,
                  "power_requested": 20900,
                  "system_desc": "Juniper Networks, Inc. ex4100-48mp Ethernet Switch, kernel JUNOS 22.4R3.25, Build date: 2024-02-10 00:49:09 UTC Copyright (c) 1996-2024 Juniper Networks, Inc.",
                  "system_name": "ld-cup-idf-bb"
                },
                "locating": false,
                "locked": false,
                "mac": "ac2316fc05e6",
                "map_id": "21f849d4-d12f-4feb-b40f-5be0e2aef8cf",
                "mem_used_kb": 545548,
                "mesh_downlinks": null,
                "mesh_uplink": null,
                "model": "AP34",
                "modified_time": 1714508324,
                "mount": "facedown",
                "name": "LD_MCB_AP",
                "notes": "",
                "num_clients": 4,
                "org_id": "9777c1a0-6ef6-11e6-8bbf-02e208b2d34f",
                "port_stat": {
                  "eth0": {
                    "full_duplex": true,
                    "rx_bytes": 292135054869,
                    "rx_errors": 0,
                    "rx_pkts": 354037027,
                    "speed": 2500,
                    "tx_bytes": 111380846027,
                    "tx_pkts": 222386556,
                    "up": true
                  },
                  "eth1": {
                    "full_duplex": false,
                    "rx_bytes": 0,
                    "rx_errors": 0,
                    "rx_pkts": 0,
                    "speed": 0,
                    "tx_bytes": 0,
                    "tx_pkts": 0,
                    "up": false
                  }
                },
                "power_budget": 0,
                "power_constrained": false,
                "power_opmode": "",
                "power_src": "LLDP",
                "radio_stat": {
                  "band_24": {
                    "bandwidth": 20,
                    "channel": 11,
                    "dynamic_chaining_enalbed": null,
                    "mac": "ac2316fc5e60",
                    "noise_floor": -86,
                    "num_clients": 2,
                    "power": 3,
                    "rx_bytes": 64875026,
                    "rx_pkts": 712022,
                    "tx_bytes": 1858969586,
                    "tx_pkts": 14841103,
                    "usage": "24",
                    "util_all": 85,
                    "util_non_wifi": 16,
                    "util_rx_in_bss": 0,
                    "util_rx_other_bss": 54,
                    "util_tx": 11,
                    "util_undecodable_wifi": 0,
                    "util_unknown_wifi": 4
                  },
                  "band_5": {
                    "bandwidth": 20,
                    "channel": 132,
                    "dynamic_chaining_enalbed": null,
                    "mac": "ac2316fc5e50",
                    "noise_floor": -96,
                    "num_clients": 2,
                    "power": 12,
                    "rx_bytes": 3151611953,
                    "rx_pkts": 146442508,
                    "tx_bytes": 1143719320,
                    "tx_pkts": 208887262,
                    "usage": "5",
                    "util_all": 36,
                    "util_non_wifi": 2,
                    "util_rx_in_bss": 0,
                    "util_rx_other_bss": 26,
                    "util_tx": 7,
                    "util_undecodable_wifi": 0,
                    "util_unknown_wifi": 1
                  },
                  "band_6": {
                    "bandwidth": 160,
                    "channel": 5,
                    "dynamic_chaining_enalbed": null,
                    "mac": "ac2316fc5e40",
                    "noise_floor": -90,
                    "num_clients": 0,
                    "power": 14,
                    "rx_bytes": 2316491727,
                    "rx_pkts": 65270459,
                    "tx_bytes": 2081326964,
                    "tx_pkts": 79492949,
                    "usage": "6",
                    "util_all": 9,
                    "util_non_wifi": 0,
                    "util_rx_in_bss": 0,
                    "util_rx_other_bss": 7,
                    "util_tx": 2,
                    "util_undecodable_wifi": 0,
                    "util_unknown_wifi": 0
                  }
                },
                "rx_bps": 168,
                "rx_bytes": 5532978706,
                "rx_pkts": 212424989,
                "serial": "A18252202008A",
                "site_id": "978c48e6-6ef6-11e6-8bbf-02e208b2d34f",
                "status": "connected",
                "switch_redundancy": {
                  "num_redundant_aps": 1
                },
                "tx_bps": 0,
                "tx_bytes": 5084015870,
                "tx_pkts": 303221314,
                "uptime": 6152601,
                "usb_stat": null,
                "version": "0.14.29384",
                "x": 760.104323941119,
                "y": 1560.5493801584425
              },
              {
                "auto_placement": null,
                "auto_upgrade_stat": {
                  "lastcheck": 1720862789
                },
                "ble_stat": {
                  "beacon_enabled": true,
                  "beacon_rate": 4,
                  "eddystone_uid_enabled": false,
                  "eddystone_uid_freq_msec": 1000,
                  "eddystone_uid_instance": "003e7312cda2",
                  "eddystone_uid_namespace": "9777c1a06ef611e68bbf",
                  "eddystone_url_enabled": false,
                  "eddystone_url_freq_msec": 1000,
                  "eddystone_url_url": "",
                  "ibeacon_enabled": false,
                  "ibeacon_freq_msec": 1000,
                  "ibeacon_major": 759,
                  "ibeacon_minor": 52304,
                  "ibeacon_uuid": "9777c1a0-6ef6-11e6-8bbf-02e208b2d34f",
                  "major": 759,
                  "minors": [
                    52304
                  ],
                  "power": 8,
                  "rx_bytes": 1593610829,
                  "rx_pkts": 137199273,
                  "tx_bytes": 5014343,
                  "tx_pkts": 840405,
                  "tx_resets": 0,
                  "uuid": "9777c1a0-6ef6-11e6-8bbf-02e208b2d34f"
                },
                "cert_expiry": 1750550266,
                "config_reverted": false,
                "cpu_system": 112268771,
                "cpu_util": 33,
                "created_time": 1688685967,
                "deviceprofile_id": "7d2aec00-4caa-42cc-a4f0-7038b6318689",
                "env_stat": {
                  "accel_x": 0.03,
                  "accel_y": 0,
                  "accel_z": 1.035,
                  "ambient_temp": 0,
                  "attitude": 0,
                  "cpu_temp": 52,
                  "humidity": 0,
                  "magne_x": 0,
                  "magne_y": 0,
                  "magne_z": 0,
                  "pressure": 0,
                  "vcore_voltage": 0
                },
                "esl_stat": null,
                "ext_ip": "99.109.53.121",
                "fwupdate": {
                  "progress": 100,
                  "status": "success",
                  "status_id": 8,
                  "timestamp": 1714395682.9326396,
                  "will_retry": false
                },
                "hw_rev": "AA",
                "id": "00000000-0000-0000-1000-003e7312cda2",
                "inactive_wired_vlans": [
                  21
                ],
                "iot_stat": {},
                "ip": "192.168.1.18",
                "ip_config": {
                  "dns": [],
                  "dns_suffix": [],
                  "gateway": null,
                  "gateway6": null,
                  "ip": null,
                  "ip6": null,
                  "mtu": 0,
                  "netmask": null,
                  "netmask6": null,
                  "type": "dhcp",
                  "type6": null,
                  "vlan_id": null
                },
                "ip_stat": {
                  "dhcp_server": "192.168.1.1",
                  "dns": [
                    "8.8.8.8",
                    "1.1.1.1",
                    "192.168.1.11"
                  ],
                  "dns_suffix": null,
                  "gateway": "192.168.1.1",
                  "gateway6": null,
                  "ip": "192.168.1.18",
                  "ip6": "fe80:0:0:0:23e:73ff:fe12:cda2",
                  "ips": {
                    "vlan1": "192.168.1.18/24,fe80:0:0:0:23e:73ff:fe12:cda2/64"
                  },
                  "netmask": "255.255.255.0",
                  "netmask6": "/64"
                },
                "l2tp_stat": {},
                "last_seen": 1720863950,
                "last_trouble": {
                  "code": "17",
                  "timestamp": 1719133213
                },
                "led": null,
                "lldp_stat": {
                  "chassis_id": "28:b8:29:43:78:0d",
                  "lldp_med_supported": true,
                  "mgmt_addr": "",
                  "mgmt_addrs": [],
                  "port_desc": "ge-0/0/11",
                  "port_id": "ge-0/0/11",
                  "power_allocated": 13000,
                  "power_draw": 13000,
                  "power_request_count": 3,
                  "power_requested": 13000,
                  "system_desc": "Juniper Networks, Inc. ex2300-c-12p Ethernet Switch, kernel JUNOS 20.4R3-S2.6, Build date: 2022-02-06 18:16:46 UTC Copyright (c) 1996-2022 Juniper Networks, Inc.",
                  "system_name": ""
                },
                "locating": false,
                "locked": null,
                "mac": "003e7312cda2",
                "map_id": null,
                "mem_used_kb": 168220,
                "mesh_downlinks": null,
                "mesh_uplink": null,
                "model": "AP24",
                "modified_time": 1713850293,
                "mount": "facedown",
                "name": "MC_AP24_RLB2",
                "notes": "",
                "num_clients": 0,
                "org_id": "9777c1a0-6ef6-11e6-8bbf-02e208b2d34f",
                "port_stat": {
                  "eth0": {
                    "full_duplex": true,
                    "rx_bytes": 2828564198,
                    "rx_errors": 0,
                    "rx_pkts": 21107796,
                    "speed": 1000,
                    "tx_bytes": 2800935715,
                    "tx_pkts": 5760475,
                    "up": true
                  }
                },
                "power_budget": 50,
                "power_constrained": false,
                "power_opmode": "",
                "power_src": "LLDP",
                "radio_stat": {
                  "band_24": {
                    "bandwidth": 20,
                    "channel": 11,
                    "dynamic_chaining_enalbed": null,
                    "mac": "003e73cc9180",
                    "noise_floor": -74,
                    "num_clients": 0,
                    "power": 3,
                    "rx_bytes": 73499,
                    "rx_pkts": 1038,
                    "tx_bytes": 1257494,
                    "tx_pkts": 22942,
                    "usage": "24",
                    "util_all": 95,
                    "util_non_wifi": 18,
                    "util_rx_in_bss": 0,
                    "util_rx_other_bss": 64,
                    "util_tx": 10,
                    "util_undecodable_wifi": 0,
                    "util_unknown_wifi": 3
                  },
                  "band_5": {
                    "bandwidth": 20,
                    "channel": 132,
                    "dynamic_chaining_enalbed": null,
                    "mac": "003e73cc9160",
                    "noise_floor": -90,
                    "num_clients": 0,
                    "power": 11,
                    "rx_bytes": 47024225,
                    "rx_pkts": 189341,
                    "tx_bytes": 129434158,
                    "tx_pkts": 194980,
                    "usage": "5",
                    "util_all": 38,
                    "util_non_wifi": 1,
                    "util_rx_in_bss": 0,
                    "util_rx_other_bss": 28,
                    "util_tx": 5,
                    "util_undecodable_wifi": 0,
                    "util_unknown_wifi": 4
                  },
                  "band_6": null
                },
                "rx_bps": 0,
                "rx_bytes": 47097724,
                "rx_pkts": 190379,
                "serial": "A192123060020",
                "site_id": "978c48e6-6ef6-11e6-8bbf-02e208b2d34f",
                "status": "connected",
                "switch_redundancy": {
                  "num_redundant_aps": 1
                },
                "tx_bps": 0,
                "tx_bytes": 130691652,
                "tx_pkts": 217922,
                "uptime": 6468249,
                "usb_stat": null,
                "version": "0.14.29384",
                "x": null,
                "y": null
              },
              {
                "auto_placement": null,
                "auto_upgrade_stat": {
                  "lastcheck": 1720862980
                },
                "ble_stat": {
                  "beacon_enabled": true,
                  "beacon_rate": 4,
                  "eddystone_uid_enabled": false,
                  "eddystone_uid_freq_msec": 1000,
                  "eddystone_uid_instance": "a83a793018fb",
                  "eddystone_uid_namespace": "9777c1a06ef611e68bbf",
                  "eddystone_url_enabled": false,
                  "eddystone_url_freq_msec": 1000,
                  "eddystone_url_url": "",
                  "ibeacon_enabled": false,
                  "ibeacon_freq_msec": 1000,
                  "ibeacon_major": 732,
                  "ibeacon_minor": 40512,
                  "ibeacon_uuid": "9777c1a0-6ef6-11e6-8bbf-02e208b2d34f",
                  "major": 732,
                  "minors": [
                    40512,
                    40513,
                    40514,
                    40515,
                    40516,
                    40517,
                    40518,
                    40519,
                    40520,
                    40521
                  ],
                  "power": 8,
                  "rx_bytes": 1293855814,
                  "rx_pkts": 148039191,
                  "tx_bytes": 336882365,
                  "tx_pkts": 20007820,
                  "tx_resets": 0,
                  "uuid": "9777c1a0-6ef6-11e6-8bbf-02e208b2d34f"
                },
                "cert_expiry": 1744988409,
                "config_reverted": false,
                "cpu_system": 281490930,
                "cpu_util": 82,
                "created_time": 1683125111,
                "deviceprofile_id": "53396580-9167-4852-b09c-7254b68995d0",
                "env_stat": {
                  "accel_x": -0.02,
                  "accel_y": -0.032,
                  "accel_z": 0.988,
                  "ambient_temp": 0,
                  "attitude": 0,
                  "cpu_temp": 62,
                  "humidity": 0,
                  "magne_x": 0,
                  "magne_y": 0,
                  "magne_z": 0,
                  "pressure": 0,
                  "vcore_voltage": 0
                },
                "esl_stat": null,
                "ext_ip": "98.51.212.195",
                "fwupdate": {
                  "progress": 100,
                  "status": "success",
                  "status_id": 8,
                  "timestamp": 1714395680.7093935,
                  "will_retry": false
                },
                "hw_rev": "AA",
                "id": "00000000-0000-0000-1000-a83a793018fb",
                "inactive_wired_vlans": [
                  24,
                  900,
                  21
                ],
                "iot_stat": {},
                "ip": "10.100.0.41",
                "ip_config": {
                  "dns": [],
                  "dns_suffix": [],
                  "gateway": null,
                  "gateway6": null,
                  "ip": null,
                  "ip6": null,
                  "mtu": 0,
                  "netmask": null,
                  "netmask6": null,
                  "type": "dhcp",
                  "type6": null,
                  "vlan_id": null
                },
                "ip_stat": {
                  "dhcp_server": "10.100.0.1",
                  "dns": [
                    "1.1.1.1",
                    "2.2.2.2"
                  ],
                  "dns_suffix": null,
                  "gateway": "10.100.0.1",
                  "gateway6": null,
                  "ip": "10.100.0.41",
                  "ip6": "fe80:0:0:0:aa3a:79ff:fe30:18fb",
                  "ips": {
                    "vlan1": "10.100.0.41/23,fe80:0:0:0:aa3a:79ff:fe30:18fb/64",
                    "vlan2": "fe80:0:0:0:aa3a:79ff:fe30:18fb/64"
                  },
                  "netmask": "255.255.254.0",
                  "netmask6": "/64"
                },
                "l2tp_stat": {},
                "last_seen": 1720863902,
                "last_trouble": {
                  "code": "07",
                  "timestamp": 1719540425
                },
                "led": null,
                "lldp_stat": {
                  "chassis_id": "60:c7:8d:93:b0:0f",
                  "lldp_med_supported": true,
                  "mgmt_addr": "60-c7-8d-93-b0-0f",
                  "mgmt_addrs": [
                    "60-c7-8d-93-b0-0f"
                  ],
                  "port_desc": "mge-0/0/1",
                  "port_id": "mge-0/0/1",
                  "power_allocated": 30300,
                  "power_draw": 30300,
                  "power_request_count": 7,
                  "power_requested": 30300,
                  "system_desc": "Juniper Networks, Inc. ex4100-48mp Ethernet Switch, kernel JUNOS 23.2R2.21, Build date: 2024-03-26 22:44:22 UTC Copyright (c) 1996-2024 Juniper Networks, Inc.",
                  "system_name": "ld-cup-idf-c"
                },
                "locating": false,
                "locked": null,
                "mac": "a83a793018fb",
                "map_id": "21f849d4-d12f-4feb-b40f-5be0e2aef8cf",
                "mem_used_kb": 548572,
                "mesh_downlinks": null,
                "mesh_uplink": null,
                "model": "AP45",
                "modified_time": 1715742452,
                "mount": "facedown",
                "name": "LD_RS_Support",
                "notes": "",
                "num_clients": 0,
                "org_id": "9777c1a0-6ef6-11e6-8bbf-02e208b2d34f",
                "port_stat": {
                  "eth0": {
                    "full_duplex": true,
                    "rx_bytes": 100651438511,
                    "rx_errors": 0,
                    "rx_pkts": 111026859,
                    "speed": 2500,
                    "tx_bytes": 23772675696,
                    "tx_pkts": 38426097,
                    "up": true
                  },
                  "eth1": {
                    "full_duplex": false,
                    "rx_bytes": 0,
                    "rx_errors": 0,
                    "rx_pkts": 0,
                    "speed": 0,
                    "tx_bytes": 0,
                    "tx_pkts": 0,
                    "up": false
                  }
                },
                "power_budget": 0,
                "power_constrained": false,
                "power_opmode": "",
                "power_src": "LLDP",
                "radio_stat": {
                  "band_24": {
                    "bandwidth": 20,
                    "channel": 36,
                    "dynamic_chaining_enalbed": null,
                    "mac": "a83a7934ba60",
                    "noise_floor": -95,
                    "num_clients": 0,
                    "power": 13,
                    "rx_bytes": 1710036957,
                    "rx_pkts": 3629839,
                    "tx_bytes": 3499419739,
                    "tx_pkts": 4213302,
                    "usage": "5",
                    "util_all": 59,
                    "util_non_wifi": 5,
                    "util_rx_in_bss": 0,
                    "util_rx_other_bss": 41,
                    "util_tx": 8,
                    "util_undecodable_wifi": 1,
                    "util_unknown_wifi": 3
                  },
                  "band_5": {
                    "bandwidth": 20,
                    "channel": 132,
                    "dynamic_chaining_enalbed": null,
                    "mac": "a83a7934ba50",
                    "noise_floor": -96,
                    "num_clients": 0,
                    "power": 13,
                    "rx_bytes": 2187374344,
                    "rx_pkts": 11638767,
                    "tx_bytes": 2355516298,
                    "tx_pkts": 17065899,
                    "usage": "5",
                    "util_all": 47,
                    "util_non_wifi": 1,
                    "util_rx_in_bss": 0,
                    "util_rx_other_bss": 37,
                    "util_tx": 8,
                    "util_undecodable_wifi": 0,
                    "util_unknown_wifi": 1
                  },
                  "band_6": {
                    "bandwidth": 160,
                    "channel": 69,
                    "dynamic_chaining_enalbed": null,
                    "mac": "a83a7934ba40",
                    "noise_floor": -91,
                    "num_clients": 0,
                    "power": 13,
                    "rx_bytes": 629393639,
                    "rx_pkts": 13857938,
                    "tx_bytes": 764563557,
                    "tx_pkts": 20861397,
                    "usage": "6",
                    "util_all": 6,
                    "util_non_wifi": 0,
                    "util_rx_in_bss": 0,
                    "util_rx_other_bss": 3,
                    "util_tx": 2,
                    "util_undecodable_wifi": 1,
                    "util_unknown_wifi": 0
                  }
                },
                "rx_bps": 0,
                "rx_bytes": 4526804940,
                "rx_pkts": 29126544,
                "serial": "A1608230211FC",
                "site_id": "978c48e6-6ef6-11e6-8bbf-02e208b2d34f",
                "status": "connected",
                "switch_redundancy": {
                  "num_redundant_aps": 1
                },
                "tx_bps": 0,
                "tx_bytes": 6619499594,
                "tx_pkts": 42140598,
                "uptime": 4370250,
                "usb_stat": null,
                "version": "0.14.29384",
                "x": 648.7678640360456,
                "y": 994.8982049044387
              },
              {
                "auto_placement": null,
                "auto_upgrade_stat": {
                  "lastcheck": 1720862995
                },
                "ble_stat": {
                  "beacon_enabled": true,
                  "beacon_rate": 4,
                  "eddystone_uid_enabled": false,
                  "eddystone_uid_freq_msec": 1000,
                  "eddystone_uid_instance": "5c5b358e6fea",
                  "eddystone_uid_namespace": "9777c1a06ef611e68bbf",
                  "eddystone_url_enabled": false,
                  "eddystone_url_freq_msec": 1000,
                  "eddystone_url_url": "",
                  "ibeacon_enabled": false,
                  "ibeacon_freq_msec": 1000,
                  "ibeacon_major": 653,
                  "ibeacon_minor": 11040,
                  "ibeacon_uuid": "9777c1a0-6ef6-11e6-8bbf-02e208b2d34f",
                  "major": 653,
                  "minors": [
                    11040,
                    11041,
                    11042,
                    11043,
                    11044,
                    11045,
                    11046,
                    11047,
                    11048
                  ],
                  "power": 8,
                  "rx_bytes": 3889838671,
                  "rx_pkts": 672448442,
                  "tx_bytes": 483753912,
                  "tx_pkts": 570430811,
                  "tx_resets": 0,
                  "uuid": "9777c1a0-6ef6-11e6-8bbf-02e208b2d34f"
                },
                "cert_expiry": 1725119900,
                "config_reverted": false,
                "cpu_system": 20084202,
                "cpu_util": 58,
                "created_time": 1663256275,
                "deviceprofile_id": "53396580-9167-4852-b09c-7254b68995d0",
                "env_stat": {
                  "accel_x": 0.109375,
                  "accel_y": -0.015625,
                  "accel_z": 1.046875,
                  "ambient_temp": 0,
                  "attitude": 47,
                  "cpu_temp": 64,
                  "humidity": 0,
                  "magne_x": -128,
                  "magne_y": -102.4,
                  "magne_z": -76.8,
                  "pressure": 0,
                  "vcore_voltage": 0
                },
                "esl_stat": null,
                "ext_ip": "98.51.212.195",
                "fwupdate": {
                  "progress": 100,
                  "status": "success",
                  "status_id": 8,
                  "timestamp": 1714395673.8128386,
                  "will_retry": false
                },
                "hw_rev": "E06",
                "id": "00000000-0000-0000-1000-5c5b358e6fea",
                "inactive_wired_vlans": [
                  24,
                  900,
                  21
                ],
                "iot_stat": {},
                "ip": "10.100.0.113",
                "ip_config": {
                  "dns": [],
                  "dns_suffix": [],
                  "gateway": null,
                  "gateway6": null,
                  "ip": null,
                  "ip6": null,
                  "mtu": 0,
                  "netmask": null,
                  "netmask6": null,
                  "type": "dhcp",
                  "type6": null,
                  "vlan_id": null
                },
                "ip_stat": {
                  "dhcp_server": "10.100.0.1",
                  "dns": [
                    "1.1.1.1",
                    "2.2.2.2"
                  ],
                  "dns_suffix": null,
                  "gateway": "10.100.0.1",
                  "gateway6": null,
                  "ip": "10.100.0.113",
                  "ip6": "fe80:0:0:0:5e5b:35ff:fe8e:6fea",
                  "ips": {
                    "vlan1": "10.100.0.113/23,fe80:0:0:0:5e5b:35ff:fe8e:6fea/64",
                    "vlan2": "fe80:0:0:0:5e5b:35ff:fe8e:6fea/64"
                  },
                  "netmask": "255.255.254.0",
                  "netmask6": "/64"
                },
                "l2tp_stat": {},
                "last_seen": 1720863920,
                "last_trouble": {
                  "code": "07",
                  "timestamp": 1719540427
                },
                "led": null,
                "lldp_stat": {
                  "chassis_id": "60:c7:8d:93:b0:0f",
                  "lldp_med_supported": true,
                  "mgmt_addr": "60-c7-8d-93-b0-0f",
                  "mgmt_addrs": [
                    "60-c7-8d-93-b0-0f"
                  ],
                  "port_desc": "mge-0/0/2",
                  "port_id": "mge-0/0/2",
                  "power_allocated": 19500,
                  "power_draw": 19500,
                  "power_request_count": 9,
                  "power_requested": 19500,
                  "system_desc": "Juniper Networks, Inc. ex4100-48mp Ethernet Switch, kernel JUNOS 23.2R2.21, Build date: 2024-03-26 22:44:22 UTC Copyright (c) 1996-2024 Juniper Networks, Inc.",
                  "system_name": "ld-cup-idf-c"
                },
                "locating": false,
                "locked": null,
                "mac": "5c5b358e6fea",
                "map_id": "21f849d4-d12f-4feb-b40f-5be0e2aef8cf",
                "mem_used_kb": 156796,
                "mesh_downlinks": null,
                "mesh_uplink": null,
                "model": "AP41",
                "modified_time": 1714508093,
                "mount": "facedown",
                "name": "LD_Testbed_MD",
                "notes": "",
                "num_clients": 0,
                "org_id": "9777c1a0-6ef6-11e6-8bbf-02e208b2d34f",
                "port_stat": {
                  "eth0": {
                    "full_duplex": true,
                    "rx_bytes": 15195995386,
                    "rx_errors": 0,
                    "rx_pkts": 41799702,
                    "speed": 100,
                    "tx_bytes": 19102299798,
                    "tx_pkts": 20919939,
                    "up": true
                  },
                  "eth1": {
                    "full_duplex": false,
                    "rx_bytes": 0,
                    "rx_errors": 0,
                    "rx_pkts": 0,
                    "speed": 0,
                    "tx_bytes": 0,
                    "tx_pkts": 0,
                    "up": false
                  },
                  "module": {
                    "full_duplex": false,
                    "rx_bytes": 0,
                    "rx_errors": 0,
                    "rx_pkts": 0,
                    "speed": 0,
                    "tx_bytes": 0,
                    "tx_pkts": 0,
                    "up": false
                  }
                },
                "power_budget": 0,
                "power_constrained": false,
                "power_opmode": "",
                "power_src": "LLDP",
                "radio_stat": {
                  "band_24": {
                    "bandwidth": 20,
                    "channel": 6,
                    "dynamic_chaining_enalbed": null,
                    "mac": "5c5b358298e0",
                    "noise_floor": -69,
                    "num_clients": 0,
                    "power": 3,
                    "rx_bytes": 228482,
                    "rx_pkts": 2471,
                    "tx_bytes": 4334983,
                    "tx_pkts": 44541,
                    "usage": "24",
                    "util_all": 88,
                    "util_non_wifi": 20,
                    "util_rx_in_bss": 0,
                    "util_rx_other_bss": 53,
                    "util_tx": 9,
                    "util_undecodable_wifi": 0,
                    "util_unknown_wifi": 6
                  },
                  "band_5": {
                    "bandwidth": 20,
                    "channel": 136,
                    "dynamic_chaining_enalbed": null,
                    "mac": "5c5b358298f0",
                    "noise_floor": -87,
                    "num_clients": 0,
                    "power": 12,
                    "rx_bytes": 450313918,
                    "rx_pkts": 8469940,
                    "tx_bytes": 1864440978,
                    "tx_pkts": 9849031,
                    "usage": "5",
                    "util_all": 25,
                    "util_non_wifi": 2,
                    "util_rx_in_bss": 0,
                    "util_rx_other_bss": 16,
                    "util_tx": 6,
                    "util_undecodable_wifi": 0,
                    "util_unknown_wifi": 0
                  },
                  "band_6": null
                },
                "rx_bps": 0,
                "rx_bytes": 450542400,
                "rx_pkts": 8472411,
                "serial": "1003618020201",
                "site_id": "978c48e6-6ef6-11e6-8bbf-02e208b2d34f",
                "status": "connected",
                "switch_redundancy": {
                  "num_redundant_aps": 1
                },
                "tx_bps": 0,
                "tx_bytes": 1868775961,
                "tx_pkts": 9893572,
                "uptime": 4370276,
                "usb_stat": null,
                "version": "0.14.29384",
                "x": 695.3357135693057,
                "y": 760.6746843339388
              },
              {
                "auto_placement": null,
                "auto_upgrade_stat": {
                  "lastcheck": 1720863012
                },
                "ble_stat": {
                  "beacon_enabled": true,
                  "beacon_rate": 4,
                  "eddystone_uid_enabled": false,
                  "eddystone_uid_freq_msec": 1000,
                  "eddystone_uid_instance": "003e7307e5bd",
                  "eddystone_uid_namespace": "9777c1a06ef611e68bbf",
                  "eddystone_url_enabled": false,
                  "eddystone_url_freq_msec": 1000,
                  "eddystone_url_url": "",
                  "ibeacon_enabled": false,
                  "ibeacon_freq_msec": 1000,
                  "ibeacon_major": 759,
                  "ibeacon_minor": 54256,
                  "ibeacon_uuid": "9777c1a0-6ef6-11e6-8bbf-02e208b2d34f",
                  "major": 759,
                  "minors": [
                    54256
                  ],
                  "power": 8,
                  "rx_bytes": 1599067823,
                  "rx_pkts": 137465564,
                  "tx_bytes": 4806103,
                  "tx_pkts": 805504,
                  "tx_resets": 0,
                  "uuid": "9777c1a0-6ef6-11e6-8bbf-02e208b2d34f"
                },
                "cert_expiry": 1750547782,
                "config_reverted": false,
                "cpu_system": 119951036,
                "cpu_util": 33,
                "created_time": 1688682859,
                "deviceprofile_id": "7d2aec00-4caa-42cc-a4f0-7038b6318689",
                "env_stat": {
                  "accel_x": 0.008,
                  "accel_y": -0.001,
                  "accel_z": 1.021,
                  "ambient_temp": 0,
                  "attitude": 0,
                  "cpu_temp": 52,
                  "humidity": 0,
                  "magne_x": 0,
                  "magne_y": 0,
                  "magne_z": 0,
                  "pressure": 0,
                  "vcore_voltage": 0
                },
                "esl_stat": null,
                "ext_ip": "99.109.53.121",
                "fwupdate": {
                  "progress": 100,
                  "status": "success",
                  "status_id": 8,
                  "timestamp": 1714395682.959254,
                  "will_retry": false
                },
                "hw_rev": "03",
                "id": "00000000-0000-0000-1000-003e7307e5bd",
                "inactive_wired_vlans": [
                  21
                ],
                "iot_stat": {},
                "ip": "192.168.1.3",
                "ip_config": {
                  "dns": [],
                  "dns_suffix": [],
                  "gateway": null,
                  "gateway6": null,
                  "ip": null,
                  "ip6": null,
                  "mtu": 0,
                  "netmask": null,
                  "netmask6": null,
                  "type": "dhcp",
                  "type6": null,
                  "vlan_id": null
                },
                "ip_stat": {
                  "dhcp_server": "192.168.1.1",
                  "dns": [
                    "8.8.8.8",
                    "1.1.1.1",
                    "192.168.1.11"
                  ],
                  "dns_suffix": null,
                  "gateway": "192.168.1.1",
                  "gateway6": null,
                  "ip": "192.168.1.3",
                  "ip6": "fe80:0:0:0:23e:73ff:fe07:e5bd",
                  "ips": {
                    "vlan1": "192.168.1.3/24,fe80:0:0:0:23e:73ff:fe07:e5bd/64"
                  },
                  "netmask": "255.255.255.0",
                  "netmask6": "/64"
                },
                "l2tp_stat": {},
                "last_seen": 1720863925,
                "last_trouble": {
                  "code": "07",
                  "timestamp": 1715113551
                },
                "led": null,
                "lldp_stat": {
                  "chassis_id": "28:b8:29:43:78:0d",
                  "lldp_med_supported": true,
                  "mgmt_addr": "",
                  "mgmt_addrs": [],
                  "port_desc": "ge-0/0/9",
                  "port_id": "ge-0/0/9",
                  "power_allocated": 13000,
                  "power_draw": 13000,
                  "power_request_count": 3,
                  "power_requested": 13000,
                  "system_desc": "Juniper Networks, Inc. ex2300-c-12p Ethernet Switch, kernel JUNOS 20.4R3-S2.6, Build date: 2022-02-06 18:16:46 UTC Copyright (c) 1996-2022 Juniper Networks, Inc.",
                  "system_name": ""
                },
                "locating": false,
                "locked": null,
                "mac": "003e7307e5bd",
                "map_id": null,
                "mem_used_kb": 166396,
                "mesh_downlinks": null,
                "mesh_uplink": null,
                "model": "AP24",
                "modified_time": 1714508616,
                "mount": "facedown",
                "name": "MC_AP24_RLB1",
                "notes": "",
                "num_clients": 0,
                "org_id": "9777c1a0-6ef6-11e6-8bbf-02e208b2d34f",
                "port_stat": {
                  "eth0": {
                    "full_duplex": true,
                    "rx_bytes": 2808439362,
                    "rx_errors": 0,
                    "rx_pkts": 21184873,
                    "speed": 1000,
                    "tx_bytes": 2884798143,
                    "tx_pkts": 5829663,
                    "up": true
                  }
                },
                "power_budget": 50,
                "power_constrained": false,
                "power_opmode": "",
                "power_src": "LLDP",
                "radio_stat": {
                  "band_24": {
                    "bandwidth": 20,
                    "channel": 1,
                    "dynamic_chaining_enalbed": null,
                    "mac": "003e7363df50",
                    "noise_floor": -74,
                    "num_clients": 0,
                    "power": 3,
                    "rx_bytes": 754,
                    "rx_pkts": 9,
                    "tx_bytes": 4874,
                    "tx_pkts": 71,
                    "usage": "24",
                    "util_all": 95,
                    "util_non_wifi": 18,
                    "util_rx_in_bss": 0,
                    "util_rx_other_bss": 62,
                    "util_tx": 10,
                    "util_undecodable_wifi": 0,
                    "util_unknown_wifi": 5
                  },
                  "band_5": {
                    "bandwidth": 20,
                    "channel": 136,
                    "dynamic_chaining_enalbed": null,
                    "mac": "003e7363df30",
                    "noise_floor": -91,
                    "num_clients": 0,
                    "power": 10,
                    "rx_bytes": 4829420,
                    "rx_pkts": 21242,
                    "tx_bytes": 13634545,
                    "tx_pkts": 47096,
                    "usage": "5",
                    "util_all": 20,
                    "util_non_wifi": 2,
                    "util_rx_in_bss": 0,
                    "util_rx_other_bss": 13,
                    "util_tx": 5,
                    "util_undecodable_wifi": 0,
                    "util_unknown_wifi": 1
                  },
                  "band_6": null
                },
                "rx_bps": 0,
                "rx_bytes": 4830174,
                "rx_pkts": 21251,
                "serial": "A19102306008E",
                "site_id": "978c48e6-6ef6-11e6-8bbf-02e208b2d34f",
                "status": "connected",
                "switch_redundancy": {
                  "num_redundant_aps": 1
                },
                "tx_bps": 0,
                "tx_bytes": 13639419,
                "tx_pkts": 47167,
                "uptime": 6468222,
                "usb_stat": null,
                "version": "0.14.29384",
                "x": null,
                "y": null
              },
              {
                "auto_placement": null,
                "auto_upgrade_stat": {
                  "lastcheck": 1720863190
                },
                "ble_stat": {
                  "beacon_enabled": true,
                  "beacon_rate": 4,
                  "eddystone_uid_enabled": false,
                  "eddystone_uid_freq_msec": 1000,
                  "eddystone_uid_instance": "a8f7d9817750",
                  "eddystone_uid_namespace": "9777c1a06ef611e68bbf",
                  "eddystone_url_enabled": false,
                  "eddystone_url_freq_msec": 1000,
                  "eddystone_url_url": "",
                  "ibeacon_enabled": false,
                  "ibeacon_freq_msec": 1000,
                  "ibeacon_major": 846,
                  "ibeacon_minor": 55280,
                  "ibeacon_uuid": "9777c1a0-6ef6-11e6-8bbf-02e208b2d34f",
                  "major": 846,
                  "minors": [
                    55280,
                    55281,
                    55282,
                    55283,
                    55284,
                    55285,
                    55286,
                    55287,
                    55288,
                    55289
                  ],
                  "power": 8,
                  "rx_bytes": 468508501,
                  "rx_pkts": 12644284,
                  "tx_bytes": 26601494,
                  "tx_pkts": 1581917,
                  "tx_resets": 0,
                  "uuid": "9777c1a0-6ef6-11e6-8bbf-02e208b2d34f"
                },
                "cert_expiry": 1738975529,
                "config_reverted": false,
                "cpu_system": 241374723,
                "cpu_util": 82,
                "created_time": 1707439526,
                "deviceprofile_id": null,
                "env_stat": {
                  "accel_x": 0,
                  "accel_y": 0.036,
                  "accel_z": -1.012,
                  "ambient_temp": 0,
                  "attitude": 0,
                  "cpu_temp": 62,
                  "humidity": 0,
                  "magne_x": 0,
                  "magne_y": 0,
                  "magne_z": 0,
                  "pressure": 0,
                  "vcore_voltage": 0
                },
                "esl_stat": null,
                "ext_ip": "98.51.212.195",
                "fwupdate": {
                  "progress": 100,
                  "status": "success",
                  "status_id": 8,
                  "timestamp": 1718916395.272478,
                  "will_retry": false
                },
                "hw_rev": "AA",
                "id": "00000000-0000-0000-1000-a8f7d9817750",
                "inactive_wired_vlans": [
                  21
                ],
                "iot_stat": {},
                "ip": "10.100.0.227",
                "ip_config": null,
                "ip_stat": {
                  "dhcp_server": "10.100.0.1",
                  "dns": [
                    "1.1.1.1",
                    "2.2.2.2"
                  ],
                  "dns_suffix": null,
                  "gateway": "10.100.0.1",
                  "gateway6": null,
                  "ip": "10.100.0.227",
                  "ip6": "fe80:0:0:0:aaf7:d9ff:fe81:7750",
                  "ips": {
                    "vlan1": "10.100.0.227/23,fe80:0:0:0:aaf7:d9ff:fe81:7750/64"
                  },
                  "netmask": "255.255.254.0",
                  "netmask6": "/64"
                },
                "l2tp_stat": {},
                "last_seen": 1720863923,
                "last_trouble": {
                  "code": "07",
                  "timestamp": 1719540425
                },
                "led": null,
                "lldp_stat": {
                  "chassis_id": "60:c7:8d:93:9c:0f",
                  "lldp_med_supported": true,
                  "mgmt_addr": "60-c7-8d-93-9c-0f",
                  "mgmt_addrs": [
                    "60-c7-8d-93-9c-0f"
                  ],
                  "port_desc": "ge-0/0/32",
                  "port_id": "ge-0/0/32",
                  "power_allocated": 30300,
                  "power_draw": 30300,
                  "power_request_count": 4,
                  "power_requested": 30300,
                  "system_desc": "Juniper Networks, Inc. ex4100-48mp Ethernet Switch, kernel JUNOS 22.4R3.25, Build date: 2024-02-10 00:49:09 UTC Copyright (c) 1996-2024 Juniper Networks, Inc.",
                  "system_name": "ld-cup-idf-bb"
                },
                "locating": false,
                "locked": null,
                "mac": "a8f7d9817750",
                "map_id": "21f849d4-d12f-4feb-b40f-5be0e2aef8cf",
                "mem_used_kb": 570236,
                "mesh_downlinks": null,
                "mesh_uplink": null,
                "model": "AP45",
                "modified_time": 1714508515,
                "mount": "faceup",
                "name": "LD_Conf2",
                "notes": "",
                "num_clients": 0,
                "org_id": "9777c1a0-6ef6-11e6-8bbf-02e208b2d34f",
                "port_stat": {
                  "eth0": {
                    "full_duplex": true,
                    "rx_bytes": 16244377383,
                    "rx_errors": 0,
                    "rx_pkts": 28918735,
                    "speed": 1000,
                    "tx_bytes": 10037012738,
                    "tx_pkts": 17604891,
                    "up": true
                  },
                  "eth1": {
                    "full_duplex": false,
                    "rx_bytes": 0,
                    "rx_errors": 0,
                    "rx_pkts": 0,
                    "speed": 0,
                    "tx_bytes": 0,
                    "tx_pkts": 0,
                    "up": false
                  }
                },
                "power_budget": 0,
                "power_constrained": false,
                "power_opmode": "",
                "power_src": "LLDP",
                "radio_stat": {
                  "band_24": {
                    "bandwidth": 20,
                    "channel": 36,
                    "dynamic_chaining_enalbed": null,
                    "mac": "a8f7d9963ea0",
                    "noise_floor": -97,
                    "num_clients": 0,
                    "power": 14,
                    "rx_bytes": 373670549,
                    "rx_pkts": 1346361,
                    "tx_bytes": 2653150734,
                    "tx_pkts": 2094678,
                    "usage": "5",
                    "util_all": 53,
                    "util_non_wifi": 1,
                    "util_rx_in_bss": 0,
                    "util_rx_other_bss": 41,
                    "util_tx": 6,
                    "util_undecodable_wifi": 2,
                    "util_unknown_wifi": 4
                  },
                  "band_5": {
                    "bandwidth": 20,
                    "channel": 136,
                    "dynamic_chaining_enalbed": null,
                    "mac": "a8f7d9963e90",
                    "noise_floor": -99,
                    "num_clients": 0,
                    "power": 14,
                    "rx_bytes": 3393646750,
                    "rx_pkts": 8074459,
                    "tx_bytes": 3338864031,
                    "tx_pkts": 8485900,
                    "usage": "5",
                    "util_all": 24,
                    "util_non_wifi": 0,
                    "util_rx_in_bss": 0,
                    "util_rx_other_bss": 19,
                    "util_tx": 5,
                    "util_undecodable_wifi": 0,
                    "util_unknown_wifi": 0
                  },
                  "band_6": {
                    "bandwidth": 160,
                    "channel": 133,
                    "dynamic_chaining_enalbed": null,
                    "mac": "a8f7d9963e80",
                    "noise_floor": -92,
                    "num_clients": 0,
                    "power": 14,
                    "rx_bytes": 1307594998,
                    "rx_pkts": 3906426,
                    "tx_bytes": 576419436,
                    "tx_pkts": 4401575,
                    "usage": "6",
                    "util_all": 4,
                    "util_non_wifi": 0,
                    "util_rx_in_bss": 0,
                    "util_rx_other_bss": 3,
                    "util_tx": 1,
                    "util_undecodable_wifi": 0,
                    "util_unknown_wifi": 0
                  }
                },
                "rx_bps": 0,
                "rx_bytes": 5074912297,
                "rx_pkts": 13327246,
                "serial": "A164522020228",
                "site_id": "978c48e6-6ef6-11e6-8bbf-02e208b2d34f",
                "status": "connected",
                "switch_redundancy": {
                  "num_redundant_aps": 1
                },
                "tx_bps": 0,
                "tx_bytes": 6568434201,
                "tx_pkts": 14982153,
                "uptime": 1947506,
                "usb_stat": null,
                "version": "0.14.29411",
                "x": 1191.4786823968152,
                "y": 1583.2656372744361
              },
              {
                "auto_placement": null,
                "auto_upgrade_stat": {
                  "lastcheck": 1720863911
                },
                "ble_stat": {
                  "beacon_enabled": true,
                  "beacon_rate": 4,
                  "eddystone_uid_enabled": false,
                  "eddystone_uid_freq_msec": 1000,
                  "eddystone_uid_instance": "5c5b35d0077b",
                  "eddystone_uid_namespace": "9777c1a06ef611e68bbf",
                  "eddystone_url_enabled": false,
                  "eddystone_url_freq_msec": 1000,
                  "eddystone_url_url": "",
                  "ibeacon_enabled": false,
                  "ibeacon_freq_msec": 1000,
                  "ibeacon_major": 894,
                  "ibeacon_minor": 9328,
                  "ibeacon_uuid": "9777c1a0-6ef6-11e6-8bbf-02e208b2d34f",
                  "major": 894,
                  "minors": [
                    9328,
                    9329,
                    9330,
                    9331,
                    9332,
                    9333,
                    9334,
                    9335,
                    -1
                  ],
                  "power": 8,
                  "rx_bytes": 15819101,
                  "rx_pkts": 363057,
                  "tx_bytes": 81929,
                  "tx_pkts": 13725,
                  "tx_resets": 0,
                  "uuid": "9777c1a0-6ef6-11e6-8bbf-02e208b2d34f"
                },
                "cert_expiry": null,
                "config_reverted": false,
                "cpu_system": 25255710,
                "cpu_util": 4,
                "created_time": 1718228350,
                "deviceprofile_id": null,
                "env_stat": {
                  "accel_x": -0.096,
                  "accel_y": 0.012,
                  "accel_z": -1.044,
                  "ambient_temp": 43,
                  "attitude": 0,
                  "cpu_temp": 53,
                  "humidity": 9,
                  "magne_x": 0,
                  "magne_y": 0,
                  "magne_z": 0,
                  "pressure": 971,
                  "vcore_voltage": 0
                },
                "esl_stat": null,
                "ext_ip": "66.129.234.28",
                "fwupdate": null,
                "hw_rev": "C02",
                "id": "00000000-0000-0000-1000-5c5b35d0077b",
                "inactive_wired_vlans": [],
                "iot_stat": {},
                "ip": "192.168.95.3",
                "ip_config": null,
                "ip_stat": {
                  "dhcp_server": "192.168.95.1",
                  "dns": [
                    "8.8.8.8"
                  ],
                  "dns_suffix": null,
                  "gateway": "192.168.95.1",
                  "gateway6": null,
                  "ip": "192.168.95.3",
                  "ip6": "fe80:0:0:0:5e5b:35ff:fed0:77b",
                  "ips": {
                    "vlan1": "192.168.95.3/24,fe80:0:0:0:5e5b:35ff:fed0:77b/64"
                  },
                  "netmask": "255.255.255.0",
                  "netmask6": "/64"
                },
                "l2tp_stat": {},
                "last_seen": 1720863910,
                "last_trouble": {
                  "code": "07",
                  "timestamp": 1720729133
                },
                "led": null,
                "lldp_stat": {
                  "chassis_id": "d0:07:ca:f5:21:00",
                  "lldp_med_supported": false,
                  "mgmt_addr": "100.123.105.1",
                  "mgmt_addrs": [
                    "100.123.105.1"
                  ],
                  "port_desc": "ge-0/0/4",
                  "port_id": "ge-0/0/4",
                  "power_allocated": 0,
                  "power_draw": 0,
                  "power_request_count": 0,
                  "power_requested": 0,
                  "system_desc": "Juniper Networks, Inc. ex4300-48t internet router, kernel JUNOS 20.4R3-S7.2, Build date: 2023-04-21 19:47:18 UTC Copyright (c) 1996-2023 Juniper Networks, Inc.",
                  "system_name": "Phoenix-Switch"
                },
                "locating": null,
                "locked": null,
                "mac": "5c5b35d0077b",
                "map_id": null,
                "mem_used_kb": 201748,
                "mesh_downlinks": null,
                "mesh_uplink": null,
                "model": "AP43",
                "modified_time": 1718530662,
                "mount": "faceup",
                "name": "Phoenix",
                "notes": "",
                "num_clients": 1,
                "org_id": "9777c1a0-6ef6-11e6-8bbf-02e208b2d34f",
                "port_stat": {
                  "eth0": {
                    "full_duplex": true,
                    "rx_bytes": 1717685025,
                    "rx_errors": 0,
                    "rx_pkts": 6639676,
                    "speed": 1000,
                    "tx_bytes": 1639158175,
                    "tx_pkts": 5276644,
                    "up": true
                  },
                  "eth1": {
                    "full_duplex": false,
                    "rx_bytes": 0,
                    "rx_errors": 0,
                    "rx_pkts": 0,
                    "speed": 0,
                    "tx_bytes": 0,
                    "tx_pkts": 0,
                    "up": false
                  }
                },
                "power_budget": 8400,
                "power_constrained": false,
                "power_opmode": "",
                "power_src": "DC Input",
                "radio_stat": {
                  "band_24": {
                    "bandwidth": 20,
                    "channel": 1,
                    "dynamic_chaining_enalbed": null,
                    "mac": "5c5b35dea810",
                    "noise_floor": -85,
                    "num_clients": 0,
                    "power": 17,
                    "rx_bytes": 34707018,
                    "rx_pkts": 188961,
                    "tx_bytes": 100809428,
                    "tx_pkts": 212606,
                    "usage": "24",
                    "util_all": 25,
                    "util_non_wifi": 5,
                    "util_rx_in_bss": 0,
                    "util_rx_other_bss": 14,
                    "util_tx": 4,
                    "util_undecodable_wifi": 0,
                    "util_unknown_wifi": 3
                  },
                  "band_5": {
                    "bandwidth": 40,
                    "channel": 108,
                    "dynamic_chaining_enalbed": null,
                    "mac": "5c5b35dea7f0",
                    "noise_floor": -83,
                    "num_clients": 1,
                    "power": 17,
                    "rx_bytes": 784758590,
                    "rx_pkts": 3629280,
                    "tx_bytes": 1563419506,
                    "tx_pkts": 3247779,
                    "usage": "5",
                    "util_all": 2,
                    "util_non_wifi": 1,
                    "util_rx_in_bss": 0,
                    "util_rx_other_bss": 0,
                    "util_tx": 1,
                    "util_undecodable_wifi": 0,
                    "util_unknown_wifi": 0
                  },
                  "band_6": null
                },
                "rx_bps": 335,
                "rx_bytes": 819465608,
                "rx_pkts": 3818241,
                "serial": "A0703200709E6",
                "site_id": "46fc665e-9706-4296-8fe2-78f42f2e67e4",
                "status": "connected",
                "switch_redundancy": {
                  "num_redundant_aps": 1
                },
                "tx_bps": 0,
                "tx_bytes": 1664228934,
                "tx_pkts": 3460385,
                "uptime": 1861164,
                "usb_stat": null,
                "version": "0.14.29313",
                "x": null,
                "y": null
              },
              {
                "auto_placement": null,
                "auto_upgrade_stat": {
                  "lastcheck": null
                },
                "ble_stat": {
                  "beacon_enabled": false,
                  "beacon_rate": 4,
                  "eddystone_uid_enabled": false,
                  "eddystone_uid_freq_msec": 1000,
                  "eddystone_uid_instance": "5c5b350e4696",
                  "eddystone_uid_namespace": "9777c1a06ef611e68bbf",
                  "eddystone_url_enabled": false,
                  "eddystone_url_freq_msec": 1000,
                  "eddystone_url_url": "",
                  "ibeacon_enabled": false,
                  "ibeacon_freq_msec": 1000,
                  "ibeacon_major": 3,
                  "ibeacon_minor": 40496,
                  "ibeacon_uuid": "9777c1a0-6ef6-11e6-8bbf-02e208b2d34f",
                  "major": 3,
                  "minors": [
                    40496,
                    40497,
                    40498,
                    40499,
                    40500,
                    40501,
                    40502,
                    40503,
                    40504
                  ],
                  "power": 8,
                  "rx_bytes": null,
                  "rx_pkts": null,
                  "tx_bytes": null,
                  "tx_pkts": null,
                  "tx_resets": null,
                  "uuid": "9777c1a0-6ef6-11e6-8bbf-02e208b2d34f"
                },
                "cert_expiry": null,
                "config_reverted": null,
                "cpu_system": null,
                "cpu_util": null,
                "created_time": 1681263581,
                "deviceprofile_id": null,
                "env_stat": null,
                "esl_stat": null,
                "ext_ip": null,
                "fwupdate": null,
                "hw_rev": "B2",
                "id": "00000000-0000-0000-1000-5c5b350e4696",
                "inactive_wired_vlans": null,
                "iot_stat": null,
                "ip": null,
                "ip_config": null,
                "ip_stat": null,
                "l2tp_stat": null,
                "last_seen": null,
                "last_trouble": {
                  "code": "03",
                  "timestamp": 1720863923
                },
                "led": null,
                "lldp_stat": null,
                "locating": false,
                "locked": null,
                "mac": "5c5b350e4696",
                "map_id": null,
                "mem_used_kb": null,
                "mesh_downlinks": null,
                "mesh_uplink": null,
                "model": "AP41",
                "modified_time": 1700239753,
                "mount": null,
                "name": "MC_5c5b350e4696",
                "notes": "",
                "num_clients": null,
                "org_id": "9777c1a0-6ef6-11e6-8bbf-02e208b2d34f",
                "port_stat": null,
                "power_budget": null,
                "power_constrained": null,
                "power_opmode": null,
                "power_src": null,
                "radio_stat": null,
                "rx_bps": null,
                "rx_bytes": null,
                "rx_pkts": null,
                "serial": "10012170202C4",
                "site_id": "978c48e6-6ef6-11e6-8bbf-02e208b2d34f",
                "status": "disconnected",
                "switch_redundancy": {
                  "num_redundant_aps": 0
                },
                "tx_bps": null,
                "tx_bytes": null,
                "tx_pkts": null,
                "uptime": null,
                "usb_stat": null,
                "version": null,
                "x": 0,
                "y": 0
              },
              {
                "auto_placement": null,
                "auto_upgrade_stat": {
                  "lastcheck": null
                },
                "ble_stat": {
                  "beacon_enabled": false,
                  "beacon_rate": 4,
                  "eddystone_uid_enabled": false,
                  "eddystone_uid_freq_msec": 1000,
                  "eddystone_uid_instance": "5c5b351ebf9f",
                  "eddystone_uid_namespace": "9777c1a06ef611e68bbf",
                  "eddystone_url_enabled": false,
                  "eddystone_url_freq_msec": 1000,
                  "eddystone_url_url": "",
                  "ibeacon_enabled": false,
                  "ibeacon_freq_msec": 1000,
                  "ibeacon_major": 653,
                  "ibeacon_minor": 10880,
                  "ibeacon_uuid": "9777c1a0-6ef6-11e6-8bbf-02e208b2d34f",
                  "major": 653,
                  "minors": [
                    10880,
                    10881,
                    10882,
                    10883,
                    10884,
                    10885,
                    10886,
                    10887,
                    10888
                  ],
                  "power": 8,
                  "rx_bytes": null,
                  "rx_pkts": null,
                  "tx_bytes": null,
                  "tx_pkts": null,
                  "tx_resets": null,
                  "uuid": "9777c1a0-6ef6-11e6-8bbf-02e208b2d34f"
                },
                "cert_expiry": 1695901358,
                "config_reverted": null,
                "cpu_system": null,
                "cpu_util": null,
                "created_time": 1663256156,
                "deviceprofile_id": "7d2aec00-4caa-42cc-a4f0-7038b6318689",
                "env_stat": null,
                "esl_stat": null,
                "ext_ip": null,
                "fwupdate": null,
                "hw_rev": "A0",
                "id": "00000000-0000-0000-1000-5c5b351ebf9f",
                "inactive_wired_vlans": null,
                "iot_stat": null,
                "ip": null,
                "ip_config": {
                  "dns": [],
                  "dns_suffix": [],
                  "gateway": null,
                  "gateway6": null,
                  "ip": null,
                  "ip6": null,
                  "mtu": 0,
                  "netmask": null,
                  "netmask6": null,
                  "type": "dhcp",
                  "type6": null,
                  "vlan_id": null
                },
                "ip_stat": null,
                "l2tp_stat": null,
                "last_seen": null,
                "last_trouble": {
                  "code": "03",
                  "timestamp": 1720863938
                },
                "led": null,
                "lldp_stat": null,
                "locating": false,
                "locked": null,
                "mac": "5c5b351ebf9f",
                "map_id": null,
                "mem_used_kb": null,
                "mesh_downlinks": null,
                "mesh_uplink": null,
                "model": "AP21",
                "modified_time": 1700239752,
                "mount": null,
                "name": "MC_ AP-21",
                "notes": "",
                "num_clients": null,
                "org_id": "9777c1a0-6ef6-11e6-8bbf-02e208b2d34f",
                "port_stat": null,
                "power_budget": null,
                "power_constrained": null,
                "power_opmode": null,
                "power_src": null,
                "radio_stat": null,
                "rx_bps": null,
                "rx_bytes": null,
                "rx_pkts": null,
                "serial": "10203180304D5",
                "site_id": "978c48e6-6ef6-11e6-8bbf-02e208b2d34f",
                "status": "disconnected",
                "switch_redundancy": {
                  "num_redundant_aps": 0
                },
                "tx_bps": null,
                "tx_bytes": null,
                "tx_pkts": null,
                "uptime": null,
                "usb_stat": null,
                "version": null,
                "x": 827.0924,
                "y": 969.6796
              },
              {
                "auto_placement": null,
                "auto_upgrade_stat": {
                  "lastcheck": null
                },
                "ble_stat": {
                  "beacon_enabled": true,
                  "beacon_rate": 4,
                  "eddystone_uid_enabled": false,
                  "eddystone_uid_freq_msec": 1000,
                  "eddystone_uid_instance": "5433c60acd0a",
                  "eddystone_uid_namespace": "9777c1a06ef611e68bbf",
                  "eddystone_url_enabled": false,
                  "eddystone_url_freq_msec": 1000,
                  "eddystone_url_url": "",
                  "ibeacon_enabled": false,
                  "ibeacon_freq_msec": 1000,
                  "ibeacon_major": 889,
                  "ibeacon_minor": 49856,
                  "ibeacon_uuid": "9777c1a0-6ef6-11e6-8bbf-02e208b2d34f",
                  "major": 889,
                  "minors": [
                    -1
                  ],
                  "power": 8,
                  "rx_bytes": 2003108212,
                  "rx_pkts": 244843712,
                  "tx_bytes": 6168953,
                  "tx_pkts": 1033185,
                  "tx_resets": 0,
                  "uuid": "9777c1a0-6ef6-11e6-8bbf-02e208b2d34f"
                },
                "cert_expiry": null,
                "config_reverted": false,
                "cpu_system": 14320860,
                "cpu_util": 11,
                "created_time": 1716925805,
                "deviceprofile_id": null,
                "env_stat": {
                  "accel_x": 0,
                  "accel_y": 0,
                  "accel_z": 0,
                  "ambient_temp": 0,
                  "attitude": 0,
                  "cpu_temp": 41,
                  "humidity": 0,
                  "magne_x": 0,
                  "magne_y": 0,
                  "magne_z": 0,
                  "pressure": 0,
                  "vcore_voltage": 0
                },
                "esl_stat": null,
                "ext_ip": "98.51.212.195",
                "fwupdate": {
                  "progress": 100,
                  "status": "success",
                  "status_id": 8,
                  "timestamp": 1716925965.0371423,
                  "will_retry": false
                },
                "hw_rev": "03",
                "id": "00000000-0000-0000-1000-5433c60acd0a",
                "inactive_wired_vlans": [],
                "iot_stat": {},
                "ip": "10.100.1.17",
                "ip_config": null,
                "ip_stat": {
                  "dhcp_server": "10.100.0.1",
                  "dns": [
                    "1.1.1.1",
                    "2.2.2.2"
                  ],
                  "dns_suffix": null,
                  "gateway": "10.100.0.1",
                  "gateway6": null,
                  "ip": "10.100.1.17",
                  "ip6": "fe80:0:0:0:5633:c6ff:fe0a:cd0a",
                  "ips": {
                    "vlan1": "10.100.1.17/23,fe80:0:0:0:5633:c6ff:fe0a:cd0a/64"
                  },
                  "netmask": "255.255.254.0",
                  "netmask6": "/64"
                },
                "l2tp_stat": {},
                "last_seen": 1717444102,
                "last_trouble": {
                  "code": "07",
                  "timestamp": 1717118912
                },
                "led": null,
                "lldp_stat": {
                  "chassis_id": "a4:e1:1a:b9:55:00",
                  "lldp_med_supported": true,
                  "mgmt_addr": "a4-e1-1a-b9-55-00",
                  "mgmt_addrs": [
                    "a4-e1-1a-b9-55-00"
                  ],
                  "port_desc": "ge-0/0/4",
                  "port_id": "ge-0/0/4",
                  "power_allocated": 13000,
                  "power_draw": 13000,
                  "power_request_count": 1,
                  "power_requested": 13000,
                  "system_desc": "Juniper Networks, Inc. ex4100-f-12p Ethernet Switch, kernel JUNOS 22.4R2-S1.6, Build date: 2023-07-20 14:42:15 UTC Copyright (c) 1996-2023 Juniper Networks, Inc.",
                  "system_name": "ld-cup-idf-d-desktop-22_1"
                },
                "locating": null,
                "locked": null,
                "mac": "5433c60acd0a",
                "map_id": null,
                "mem_used_kb": 149000,
                "mesh_downlinks": null,
                "mesh_uplink": null,
                "model": "AP64",
                "modified_time": 1717436227,
                "mount": null,
                "name": "AP64-Demo",
                "notes": "",
                "num_clients": null,
                "org_id": "9777c1a0-6ef6-11e6-8bbf-02e208b2d34f",
                "port_stat": {
                  "eth0": {
                    "full_duplex": true,
                    "rx_bytes": 330358216,
                    "rx_errors": 0,
                    "rx_pkts": 2286897,
                    "speed": 100,
                    "tx_bytes": 113565442,
                    "tx_pkts": 401638,
                    "up": true
                  }
                },
                "power_budget": 50,
                "power_constrained": false,
                "power_opmode": "",
                "power_src": "LLDP",
                "radio_stat": null,
                "rx_bps": 0,
                "rx_bytes": null,
                "rx_pkts": 0,
                "serial": "A204723090022",
                "site_id": "abe3b357-fd9d-4af3-b76b-5ab740942289",
                "status": "disconnected",
                "switch_redundancy": {
                  "num_redundant_aps": 0
                },
                "tx_bps": 0,
                "tx_bytes": null,
                "tx_pkts": 0,
                "uptime": 518116,
                "usb_stat": null,
                "version": "0.14.29411",
                "x": null,
                "y": null
              },
              {
                "auto_placement": null,
                "auto_upgrade_stat": {
                  "lastcheck": null
                },
                "ble_stat": {
                  "beacon_enabled": true,
                  "beacon_rate": 4,
                  "eddystone_uid_enabled": false,
                  "eddystone_uid_freq_msec": 1000,
                  "eddystone_uid_instance": "5c5b350e4cbd",
                  "eddystone_uid_namespace": "9777c1a06ef611e68bbf",
                  "eddystone_url_enabled": false,
                  "eddystone_url_freq_msec": 1000,
                  "eddystone_url_url": "",
                  "ibeacon_enabled": false,
                  "ibeacon_freq_msec": 1000,
                  "ibeacon_major": 653,
                  "ibeacon_minor": 10960,
                  "ibeacon_uuid": "9777c1a0-6ef6-11e6-8bbf-02e208b2d34f",
                  "major": 653,
                  "minors": [
                    10960,
                    10961,
                    10962,
                    10963,
                    10964,
                    10965,
                    10966,
                    10967,
                    10968
                  ],
                  "power": 8,
                  "rx_bytes": null,
                  "rx_pkts": null,
                  "tx_bytes": null,
                  "tx_pkts": null,
                  "tx_resets": null,
                  "uuid": "9777c1a0-6ef6-11e6-8bbf-02e208b2d34f"
                },
                "cert_expiry": null,
                "config_reverted": null,
                "cpu_system": null,
                "cpu_util": null,
                "created_time": 1663256767,
                "deviceprofile_id": null,
                "env_stat": null,
                "esl_stat": null,
                "ext_ip": null,
                "fwupdate": null,
                "hw_rev": "B2",
                "id": "00000000-0000-0000-1000-5c5b350e4cbd",
                "inactive_wired_vlans": null,
                "iot_stat": null,
                "ip": null,
                "ip_config": null,
                "ip_stat": null,
                "l2tp_stat": null,
                "last_seen": null,
                "last_trouble": null,
                "led": null,
                "lldp_stat": null,
                "locating": null,
                "locked": null,
                "mac": "5c5b350e4cbd",
                "map_id": null,
                "mem_used_kb": null,
                "mesh_downlinks": null,
                "mesh_uplink": null,
                "model": "AP41",
                "modified_time": 1663261527,
                "mount": null,
                "name": "Deeyo AP 1",
                "notes": null,
                "num_clients": null,
                "org_id": "9777c1a0-6ef6-11e6-8bbf-02e208b2d34f",
                "port_stat": null,
                "power_budget": null,
                "power_constrained": null,
                "power_opmode": null,
                "power_src": null,
                "radio_stat": null,
                "rx_bps": null,
                "rx_bytes": null,
                "rx_pkts": null,
                "serial": "100131702012F",
                "site_id": "49ff76e0-a283-4e7d-b38d-041f1e9aff3c",
                "status": "disconnected",
                "switch_redundancy": {
                  "num_redundant_aps": 0
                },
                "tx_bps": null,
                "tx_bytes": null,
                "tx_pkts": null,
                "uptime": null,
                "usb_stat": null,
                "version": null,
                "x": null,
                "y": null
              },
              {
                "auto_placement": null,
                "auto_upgrade_stat": {
                  "lastcheck": null
                },
                "ble_stat": {
                  "beacon_enabled": true,
                  "beacon_rate": 4,
                  "eddystone_uid_enabled": false,
                  "eddystone_uid_freq_msec": 1000,
                  "eddystone_uid_instance": "5c5b350edf63",
                  "eddystone_uid_namespace": "9777c1a06ef611e68bbf",
                  "eddystone_url_enabled": false,
                  "eddystone_url_freq_msec": 1000,
                  "eddystone_url_url": "",
                  "ibeacon_enabled": false,
                  "ibeacon_freq_msec": 1000,
                  "ibeacon_major": 653,
                  "ibeacon_minor": 11056,
                  "ibeacon_uuid": "9777c1a0-6ef6-11e6-8bbf-02e208b2d34f",
                  "major": 653,
                  "minors": [
                    11056,
                    11057,
                    11058,
                    11059,
                    11060,
                    11061,
                    11062,
                    11063,
                    11064
                  ],
                  "power": 8,
                  "rx_bytes": null,
                  "rx_pkts": null,
                  "tx_bytes": null,
                  "tx_pkts": null,
                  "tx_resets": null,
                  "uuid": "9777c1a0-6ef6-11e6-8bbf-02e208b2d34f"
                },
                "cert_expiry": null,
                "config_reverted": null,
                "cpu_system": null,
                "cpu_util": null,
                "created_time": 1663256768,
                "deviceprofile_id": null,
                "env_stat": null,
                "esl_stat": null,
                "ext_ip": null,
                "fwupdate": null,
                "hw_rev": "B2",
                "id": "00000000-0000-0000-1000-5c5b350edf63",
                "inactive_wired_vlans": null,
                "iot_stat": null,
                "ip": null,
                "ip_config": null,
                "ip_stat": null,
                "l2tp_stat": null,
                "last_seen": null,
                "last_trouble": null,
                "led": null,
                "lldp_stat": null,
                "locating": null,
                "locked": null,
                "mac": "5c5b350edf63",
                "map_id": null,
                "mem_used_kb": null,
                "mesh_downlinks": null,
                "mesh_uplink": null,
                "model": "AP41",
                "modified_time": 1663261528,
                "mount": null,
                "name": "Deeyo AP4",
                "notes": null,
                "num_clients": null,
                "org_id": "9777c1a0-6ef6-11e6-8bbf-02e208b2d34f",
                "port_stat": null,
                "power_budget": null,
                "power_constrained": null,
                "power_opmode": null,
                "power_src": null,
                "radio_stat": null,
                "rx_bps": null,
                "rx_bytes": null,
                "rx_pkts": null,
                "serial": "100211702007F",
                "site_id": "49ff76e0-a283-4e7d-b38d-041f1e9aff3c",
                "status": "disconnected",
                "switch_redundancy": {
                  "num_redundant_aps": 0
                },
                "tx_bps": null,
                "tx_bytes": null,
                "tx_pkts": null,
                "uptime": null,
                "usb_stat": null,
                "version": null,
                "x": null,
                "y": null
              },
              {
                "auto_placement": null,
                "auto_upgrade_stat": {
                  "lastcheck": null
                },
                "ble_stat": {
                  "beacon_enabled": true,
                  "beacon_rate": 4,
                  "eddystone_uid_enabled": false,
                  "eddystone_uid_freq_msec": 1000,
                  "eddystone_uid_instance": "5c5b353e4e8e",
                  "eddystone_uid_namespace": "9777c1a06ef611e68bbf",
                  "eddystone_url_enabled": false,
                  "eddystone_url_freq_msec": 1000,
                  "eddystone_url_url": "",
                  "ibeacon_enabled": false,
                  "ibeacon_freq_msec": 1000,
                  "ibeacon_major": 653,
                  "ibeacon_minor": 11008,
                  "ibeacon_uuid": "9777c1a0-6ef6-11e6-8bbf-02e208b2d34f",
                  "major": 653,
                  "minors": [
                    11008,
                    11009,
                    11010,
                    11011,
                    11012,
                    11013,
                    11014,
                    11015,
                    11016
                  ],
                  "power": 8,
                  "rx_bytes": null,
                  "rx_pkts": null,
                  "tx_bytes": null,
                  "tx_pkts": null,
                  "tx_resets": null,
                  "uuid": "9777c1a0-6ef6-11e6-8bbf-02e208b2d34f"
                },
                "cert_expiry": null,
                "config_reverted": null,
                "cpu_system": null,
                "cpu_util": null,
                "created_time": 1663256768,
                "deviceprofile_id": null,
                "env_stat": null,
                "esl_stat": null,
                "ext_ip": null,
                "fwupdate": null,
                "hw_rev": "D5",
                "id": "00000000-0000-0000-1000-5c5b353e4e8e",
                "inactive_wired_vlans": null,
                "iot_stat": null,
                "ip": null,
                "ip_config": null,
                "ip_stat": null,
                "l2tp_stat": null,
                "last_seen": null,
                "last_trouble": null,
                "led": null,
                "lldp_stat": null,
                "locating": null,
                "locked": null,
                "mac": "5c5b353e4e8e",
                "map_id": null,
                "mem_used_kb": null,
                "mesh_downlinks": null,
                "mesh_uplink": null,
                "model": "AP41",
                "modified_time": 1663261528,
                "mount": null,
                "name": "Deeyo AP 3",
                "notes": null,
                "num_clients": null,
                "org_id": "9777c1a0-6ef6-11e6-8bbf-02e208b2d34f",
                "port_stat": null,
                "power_budget": null,
                "power_constrained": null,
                "power_opmode": null,
                "power_src": null,
                "radio_stat": null,
                "rx_bps": null,
                "rx_bytes": null,
                "rx_pkts": null,
                "serial": "1000418020437",
                "site_id": "49ff76e0-a283-4e7d-b38d-041f1e9aff3c",
                "status": "disconnected",
                "switch_redundancy": {
                  "num_redundant_aps": 0
                },
                "tx_bps": null,
                "tx_bytes": null,
                "tx_pkts": null,
                "uptime": null,
                "usb_stat": null,
                "version": null,
                "x": null,
                "y": null
              },
              {
                "auto_placement": null,
                "auto_upgrade_stat": {
                  "lastcheck": null
                },
                "ble_stat": {
                  "beacon_enabled": true,
                  "beacon_rate": 4,
                  "eddystone_uid_enabled": false,
                  "eddystone_uid_freq_msec": 1000,
                  "eddystone_uid_instance": "5c5b35529031",
                  "eddystone_uid_namespace": "9777c1a06ef611e68bbf",
                  "eddystone_url_enabled": false,
                  "eddystone_url_freq_msec": 1000,
                  "eddystone_url_url": "",
                  "ibeacon_enabled": false,
                  "ibeacon_freq_msec": 1000,
                  "ibeacon_major": 794,
                  "ibeacon_minor": 40928,
                  "ibeacon_uuid": "9777c1a0-6ef6-11e6-8bbf-02e208b2d34f",
                  "major": 794,
                  "minors": [
                    40928,
                    40929,
                    40930,
                    40931,
                    40932,
                    40933,
                    40934,
                    40935,
                    -1
                  ],
                  "power": 8,
                  "rx_bytes": null,
                  "rx_pkts": null,
                  "tx_bytes": null,
                  "tx_pkts": null,
                  "tx_resets": null,
                  "uuid": "9777c1a0-6ef6-11e6-8bbf-02e208b2d34f"
                },
                "cert_expiry": null,
                "config_reverted": null,
                "cpu_system": null,
                "cpu_util": null,
                "created_time": 1695679310,
                "deviceprofile_id": null,
                "env_stat": null,
                "esl_stat": null,
                "ext_ip": null,
                "fwupdate": null,
                "hw_rev": "C02",
                "id": "00000000-0000-0000-1000-5c5b35529031",
                "inactive_wired_vlans": null,
                "iot_stat": null,
                "ip": null,
                "ip_config": null,
                "ip_stat": null,
                "l2tp_stat": null,
                "last_seen": null,
                "last_trouble": null,
                "led": null,
                "lldp_stat": null,
                "locating": null,
                "locked": null,
                "mac": "5c5b35529031",
                "map_id": null,
                "mem_used_kb": null,
                "mesh_downlinks": null,
                "mesh_uplink": null,
                "model": "AP43",
                "modified_time": 1695939501,
                "mount": null,
                "name": "LD_Mist_SES_AP43-HF",
                "notes": "",
                "num_clients": null,
                "org_id": "9777c1a0-6ef6-11e6-8bbf-02e208b2d34f",
                "port_stat": null,
                "power_budget": null,
                "power_constrained": null,
                "power_opmode": null,
                "power_src": null,
                "radio_stat": null,
                "rx_bps": null,
                "rx_bytes": null,
                "rx_pkts": null,
                "serial": "A075019070C1F",
                "site_id": "5f66b3c8-df64-450a-8ae2-214254aca32c",
                "status": "disconnected",
                "switch_redundancy": {
                  "num_redundant_aps": 0
                },
                "tx_bps": null,
                "tx_bytes": null,
                "tx_pkts": null,
                "uptime": null,
                "usb_stat": null,
                "version": null,
                "x": null,
                "y": null
              },
              {
                "auto_placement": null,
                "auto_upgrade_stat": {
                  "lastcheck": null
                },
                "ble_stat": {
                  "beacon_enabled": true,
                  "beacon_rate": 4,
                  "eddystone_uid_enabled": false,
                  "eddystone_uid_freq_msec": 1000,
                  "eddystone_uid_instance": "5c5b35ae3f1b",
                  "eddystone_uid_namespace": "9777c1a06ef611e68bbf",
                  "eddystone_url_enabled": false,
                  "eddystone_url_freq_msec": 1000,
                  "eddystone_url_url": "",
                  "ibeacon_enabled": false,
                  "ibeacon_freq_msec": 1000,
                  "ibeacon_major": 653,
                  "ibeacon_minor": 56304,
                  "ibeacon_uuid": "9777c1a0-6ef6-11e6-8bbf-02e208b2d34f",
                  "major": 653,
                  "minors": [
                    56304,
                    56305,
                    56306,
                    56307,
                    56308,
                    56309,
                    56310,
                    56311,
                    56312
                  ],
                  "power": 8,
                  "rx_bytes": null,
                  "rx_pkts": null,
                  "tx_bytes": null,
                  "tx_pkts": null,
                  "tx_resets": null,
                  "uuid": "9777c1a0-6ef6-11e6-8bbf-02e208b2d34f"
                },
                "cert_expiry": null,
                "config_reverted": null,
                "cpu_system": null,
                "cpu_util": null,
                "created_time": 1663695369,
                "deviceprofile_id": null,
                "env_stat": null,
                "esl_stat": null,
                "ext_ip": null,
                "fwupdate": null,
                "hw_rev": "E08",
                "id": "00000000-0000-0000-1000-5c5b35ae3f1b",
                "inactive_wired_vlans": null,
                "iot_stat": null,
                "ip": null,
                "ip_config": null,
                "ip_stat": null,
                "l2tp_stat": null,
                "last_seen": null,
                "last_trouble": null,
                "led": null,
                "lldp_stat": null,
                "locating": false,
                "locked": null,
                "mac": "5c5b35ae3f1b",
                "map_id": "077083d8-4bc0-4b36-8ae1-832005e9ef8b",
                "mem_used_kb": null,
                "mesh_downlinks": null,
                "mesh_uplink": null,
                "model": "AP41",
                "modified_time": 1663695645,
                "mount": null,
                "name": "Deeyo AP 5",
                "notes": "",
                "num_clients": null,
                "org_id": "9777c1a0-6ef6-11e6-8bbf-02e208b2d34f",
                "port_stat": null,
                "power_budget": null,
                "power_constrained": null,
                "power_opmode": null,
                "power_src": null,
                "radio_stat": null,
                "rx_bps": null,
                "rx_bytes": null,
                "rx_pkts": null,
                "serial": "A00121902118F",
                "site_id": "49ff76e0-a283-4e7d-b38d-041f1e9aff3c",
                "status": "disconnected",
                "switch_redundancy": {
                  "num_redundant_aps": 0
                },
                "tx_bps": null,
                "tx_bytes": null,
                "tx_pkts": null,
                "uptime": null,
                "usb_stat": null,
                "version": null,
                "x": 995.0714211354918,
                "y": 1320.668399372386
              },
              {
                "auto_placement": null,
                "auto_upgrade_stat": {
                  "lastcheck": null
                },
                "ble_stat": {
                  "beacon_enabled": true,
                  "beacon_rate": 4,
                  "eddystone_uid_enabled": false,
                  "eddystone_uid_freq_msec": 1000,
                  "eddystone_uid_instance": "d420b0f103c5",
                  "eddystone_uid_namespace": "9777c1a06ef611e68bbf",
                  "eddystone_url_enabled": false,
                  "eddystone_url_freq_msec": 1000,
                  "eddystone_url_url": "",
                  "ibeacon_enabled": false,
                  "ibeacon_freq_msec": 1000,
                  "ibeacon_major": 792,
                  "ibeacon_minor": 23376,
                  "ibeacon_uuid": "9777c1a0-6ef6-11e6-8bbf-02e208b2d34f",
                  "major": 792,
                  "minors": [
                    23376,
                    23377,
                    23378,
                    23379,
                    23380,
                    23381,
                    23382,
                    23383,
                    23384,
                    -1
                  ],
                  "power": 8,
                  "rx_bytes": null,
                  "rx_pkts": null,
                  "tx_bytes": null,
                  "tx_pkts": null,
                  "tx_resets": null,
                  "uuid": "9777c1a0-6ef6-11e6-8bbf-02e208b2d34f"
                },
                "cert_expiry": null,
                "config_reverted": null,
                "cpu_system": null,
                "cpu_util": null,
                "created_time": 1694711016,
                "deviceprofile_id": null,
                "env_stat": null,
                "esl_stat": null,
                "ext_ip": null,
                "fwupdate": null,
                "hw_rev": "02",
                "id": "00000000-0000-0000-1000-d420b0f103c5",
                "inactive_wired_vlans": null,
                "iot_stat": null,
                "ip": null,
                "ip_config": null,
                "ip_stat": null,
                "l2tp_stat": null,
                "last_seen": null,
                "last_trouble": null,
                "led": null,
                "lldp_stat": null,
                "locating": null,
                "locked": null,
                "mac": "d420b0f103c5",
                "map_id": null,
                "mem_used_kb": null,
                "mesh_downlinks": null,
                "mesh_uplink": null,
                "model": "AP45",
                "modified_time": 1695782832,
                "mount": null,
                "name": "LD_Mist_HF_2",
                "notes": "",
                "num_clients": null,
                "org_id": "9777c1a0-6ef6-11e6-8bbf-02e208b2d34f",
                "port_stat": null,
                "power_budget": null,
                "power_constrained": null,
                "power_opmode": null,
                "power_src": null,
                "radio_stat": null,
                "rx_bps": null,
                "rx_bytes": null,
                "rx_pkts": null,
                "serial": "A16372102009B",
                "site_id": "5f66b3c8-df64-450a-8ae2-214254aca32c",
                "status": "disconnected",
                "switch_redundancy": {
                  "num_redundant_aps": 0
                },
                "tx_bps": null,
                "tx_bytes": null,
                "tx_pkts": null,
                "uptime": null,
                "usb_stat": null,
                "version": null,
                "x": null,
                "y": null
              },
              {
                "auto_placement": null,
                "auto_upgrade_stat": {
                  "lastcheck": null
                },
                "ble_stat": {
                  "beacon_enabled": true,
                  "beacon_rate": 4,
                  "eddystone_uid_enabled": true,
                  "eddystone_uid_freq_msec": 1000,
                  "eddystone_uid_instance": "d420b083e32d",
                  "eddystone_uid_namespace": "9777c1a06ef611e68bbf",
                  "eddystone_url_enabled": false,
                  "eddystone_url_freq_msec": 1000,
                  "eddystone_url_url": "",
                  "ibeacon_enabled": false,
                  "ibeacon_freq_msec": 1000,
                  "ibeacon_major": 798,
                  "ibeacon_minor": 48992,
                  "ibeacon_uuid": "9777c1a0-6ef6-11e6-8bbf-02e208b2d34f",
                  "major": 798,
                  "minors": [
                    48992,
                    48993,
                    48994,
                    48995,
                    48996,
                    48997,
                    48998,
                    48999,
                    49000,
                    49001
                  ],
                  "power": 8,
                  "rx_bytes": 2552313,
                  "rx_pkts": 88527,
                  "tx_bytes": 370384,
                  "tx_pkts": 21299,
                  "tx_resets": 0,
                  "uuid": "9777c1a0-6ef6-11e6-8bbf-02e208b2d34f"
                },
                "cert_expiry": 1727950209,
                "config_reverted": false,
                "cpu_system": 21054,
                "cpu_util": 2,
                "created_time": 1696414205,
                "deviceprofile_id": null,
                "env_stat": {
                  "accel_x": -0.02,
                  "accel_y": -0.044,
                  "accel_z": -0.948,
                  "ambient_temp": 0,
                  "attitude": 0,
                  "cpu_temp": 57,
                  "humidity": 0,
                  "magne_x": 0,
                  "magne_y": 0,
                  "magne_z": 0,
                  "pressure": 0,
                  "vcore_voltage": 0
                },
                "esl_stat": null,
                "ext_ip": "106.51.132.175",
                "fwupdate": {
                  "progress": 100,
                  "status": "success",
                  "status_id": 8,
                  "timestamp": 1714395773.5440829,
                  "will_retry": false
                },
                "hw_rev": "AA",
                "id": "00000000-0000-0000-1000-d420b083e32d",
                "inactive_wired_vlans": [
                  21
                ],
                "iot_stat": {},
                "ip": "192.168.0.105",
                "ip_config": null,
                "ip_stat": {
                  "dhcp_server": "192.168.0.1",
                  "dns": [
                    "8.8.8.8",
                    "8.8.4.4"
                  ],
                  "dns_suffix": null,
                  "gateway": "192.168.0.1",
                  "gateway6": null,
                  "ip": "192.168.0.105",
                  "ip6": "2406:7400:56:ebea:d620:b0ff:fe83:e32d",
                  "ips": {
                    "vlan1": "192.168.0.105/24,2406:7400:56:ebea:d620:b0ff:fe83:e32d/64,fe80:0:0:0:d620:b0ff:fe83:e32d/64"
                  },
                  "netmask": "255.255.255.0",
                  "netmask6": "/64"
                },
                "l2tp_stat": {},
                "last_seen": 1716274477,
                "last_trouble": {
                  "code": "15",
                  "timestamp": 1713885779
                },
                "led": null,
                "lldp_stat": {
                  "chassis_id": "",
                  "lldp_med_supported": false,
                  "mgmt_addr": "",
                  "mgmt_addrs": [],
                  "port_desc": "",
                  "port_id": "",
                  "power_allocated": 0,
                  "power_draw": 0,
                  "power_request_count": 0,
                  "power_requested": 0,
                  "system_desc": "",
                  "system_name": ""
                },
                "locating": false,
                "locked": null,
                "mac": "d420b083e32d",
                "map_id": null,
                "mem_used_kb": 151924,
                "mesh_downlinks": null,
                "mesh_uplink": null,
                "model": "AP33",
                "modified_time": 1706737838,
                "mount": "faceup",
                "name": "MCM_AP_33_Nishant",
                "notes": "",
                "num_clients": null,
                "org_id": "9777c1a0-6ef6-11e6-8bbf-02e208b2d34f",
                "port_stat": {
                  "eth0": {
                    "full_duplex": true,
                    "rx_bytes": 3662681,
                    "rx_errors": 0,
                    "rx_pkts": 45494,
                    "speed": 100,
                    "tx_bytes": 1364817,
                    "tx_pkts": 8918,
                    "up": true
                  },
                  "eth1": {
                    "full_duplex": false,
                    "rx_bytes": 0,
                    "rx_errors": 0,
                    "rx_pkts": 0,
                    "speed": 0,
                    "tx_bytes": 0,
                    "tx_pkts": 0,
                    "up": false
                  }
                },
                "power_budget": 6000,
                "power_constrained": false,
                "power_opmode": "",
                "power_src": "PoE 802.3at",
                "radio_stat": null,
                "rx_bps": 0,
                "rx_bytes": null,
                "rx_pkts": 0,
                "serial": "A11352002068B",
                "site_id": "978c48e6-6ef6-11e6-8bbf-02e208b2d34f",
                "status": "disconnected",
                "switch_redundancy": {
                  "num_redundant_aps": 0
                },
                "tx_bps": 0,
                "tx_bytes": null,
                "tx_pkts": 0,
                "uptime": 4451,
                "usb_stat": null,
                "version": "0.14.29384",
                "x": 0,
                "y": 0
              }
            ],
            "duration": null,
            "end": null,
            "mac": null,
            "org_id": "9777c1a0-6ef6-11e6-8bbf-02e208b2d34f",
            "site_id": null,
            "start": null,
            "status": null
          },
          "sensitive_attributes": []
        }
      ]
    },
    {
      "mode": "managed",
      "type": "mist_org",
      "name": "terraform_test",
      "provider": "provider[\"registry.terraform.io/juniper/mist\"]",
      "instances": [
        {
          "schema_version": 0,
          "attributes": {
            "alarmtemplate_id": null,
            "allow_mist": true,
            "id": "992bf4b9-c900-4850-9992-107b2f9df928",
            "msp_id": null,
            "msp_logo_url": null,
            "msp_name": null,
            "name": "Terraform Testing",
            "orggroup_ids": [],
            "session_expiry": 1440
          },
          "sensitive_attributes": []
        }
      ]
    }
  ],
  "check_results": null
}
