{
  "version": 4,
  "terraform_version": "1.9.2",
  "serial": 1370,
  "lineage": "20532229-881e-4371-f1fd-11d081e97e25",
  "outputs": {},
  "resources": [
    {
      "mode": "data",
      "type": "mist_countries",
      "name": "test",
      "provider": "provider[\"registry.terraform.io/juniper/mist\"]",
      "instances": [
        {
          "schema_version": 0,
          "attributes": {
            "countries": [
              {
                "alpha2": "AD",
                "certified": true,
                "name": "Andorra",
                "numeric": 20
              },
              {
                "alpha2": "AE",
                "certified": true,
                "name": "United Arab Emirates",
                "numeric": 784
              },
              {
                "alpha2": "AG",
                "certified": true,
                "name": "Antigua and Barbuda",
                "numeric": 28
              },
              {
                "alpha2": "AI",
                "certified": true,
                "name": "Anguilla",
                "numeric": 660
              },
              {
                "alpha2": "AL",
                "certified": true,
                "name": "Albania",
                "numeric": 8
              },
              {
                "alpha2": "AM",
                "certified": true,
                "name": "Armenia",
                "numeric": 51
              },
              {
                "alpha2": "AN",
                "certified": false,
                "name": "Netherlands Antilles",
                "numeric": 530
              },
              {
                "alpha2": "AO",
                "certified": true,
                "name": "Angola",
                "numeric": 24
              },
              {
                "alpha2": "AR",
                "certified": true,
                "name": "Argentina",
                "numeric": 32
              },
              {
                "alpha2": "AS",
                "certified": true,
                "name": "American Samoa",
                "numeric": 16
              },
              {
                "alpha2": "AT",
                "certified": true,
                "name": "Austria",
                "numeric": 40
              },
              {
                "alpha2": "AU",
                "certified": true,
                "name": "Australia",
                "numeric": 36
              },
              {
                "alpha2": "AW",
                "certified": true,
                "name": "Aruba",
                "numeric": 533
              },
              {
                "alpha2": "AZ",
                "certified": true,
                "name": "Azerbaijan",
                "numeric": 31
              },
              {
                "alpha2": "BA",
                "certified": true,
                "name": "Bosnia and Herzegovina",
                "numeric": 70
              },
              {
                "alpha2": "BB",
                "certified": true,
                "name": "Barbados",
                "numeric": 52
              },
              {
                "alpha2": "BD",
                "certified": true,
                "name": "Bangladesh",
                "numeric": 50
              },
              {
                "alpha2": "BE",
                "certified": true,
                "name": "Belgium",
                "numeric": 56
              },
              {
                "alpha2": "BG",
                "certified": true,
                "name": "Bulgaria",
                "numeric": 100
              },
              {
                "alpha2": "BH",
                "certified": true,
                "name": "Bahrain",
                "numeric": 48
              },
              {
                "alpha2": "BJ",
                "certified": true,
                "name": "Benin",
                "numeric": 204
              },
              {
                "alpha2": "BM",
                "certified": true,
                "name": "Bermuda",
                "numeric": 60
              },
              {
                "alpha2": "BN",
                "certified": false,
                "name": "Brunei Darussalam",
                "numeric": 96
              },
              {
                "alpha2": "BO",
                "certified": true,
                "name": "Bolivia",
                "numeric": 68
              },
              {
                "alpha2": "BR",
                "certified": true,
                "name": "Brazil",
                "numeric": 76
              },
              {
                "alpha2": "BS",
                "certified": true,
                "name": "Bahamas",
                "numeric": 44
              },
              {
                "alpha2": "BY",
                "certified": true,
                "name": "Belarus",
                "numeric": 112
              },
              {
                "alpha2": "BZ",
                "certified": true,
                "name": "Belize",
                "numeric": 84
              },
              {
                "alpha2": "CA",
                "certified": true,
                "name": "Canada",
                "numeric": 124
              },
              {
                "alpha2": "CH",
                "certified": true,
                "name": "Switzerland",
                "numeric": 756
              },
              {
                "alpha2": "CI",
                "certified": true,
                "name": "Côte d'Ivoire",
                "numeric": 384
              },
              {
                "alpha2": "CL",
                "certified": true,
                "name": "Chile",
                "numeric": 152
              },
              {
                "alpha2": "CM",
                "certified": true,
                "name": "Cameroon",
                "numeric": 120
              },
              {
                "alpha2": "CN",
                "certified": true,
                "name": "China",
                "numeric": 156
              },
              {
                "alpha2": "CO",
                "certified": true,
                "name": "Colombia",
                "numeric": 170
              },
              {
                "alpha2": "CR",
                "certified": true,
                "name": "Costa Rica",
                "numeric": 188
              },
              {
                "alpha2": "CV",
                "certified": true,
                "name": "Cabo Verde",
                "numeric": 132
              },
              {
                "alpha2": "CY",
                "certified": true,
                "name": "Cyprus",
                "numeric": 196
              },
              {
                "alpha2": "CZ",
                "certified": true,
                "name": "Czech Republic",
                "numeric": 203
              },
              {
                "alpha2": "DE",
                "certified": true,
                "name": "Germany",
                "numeric": 276
              },
              {
                "alpha2": "DK",
                "certified": true,
                "name": "Denmark",
                "numeric": 208
              },
              {
                "alpha2": "DO",
                "certified": true,
                "name": "Dominican Republic",
                "numeric": 214
              },
              {
                "alpha2": "DZ",
                "certified": false,
                "name": "Algeria",
                "numeric": 12
              },
              {
                "alpha2": "EC",
                "certified": true,
                "name": "Ecuador",
                "numeric": 218
              },
              {
                "alpha2": "EE",
                "certified": true,
                "name": "Estonia",
                "numeric": 233
              },
              {
                "alpha2": "EG",
                "certified": true,
                "name": "Egypt",
                "numeric": 818
              },
              {
                "alpha2": "ES",
                "certified": true,
                "name": "Spain",
                "numeric": 724
              },
              {
                "alpha2": "ET",
                "certified": true,
                "name": "Ethiopia",
                "numeric": 231
              },
              {
                "alpha2": "FI",
                "certified": true,
                "name": "Finland",
                "numeric": 246
              },
              {
                "alpha2": "FJ",
                "certified": true,
                "name": "Fiji",
                "numeric": 242
              },
              {
                "alpha2": "FM",
                "certified": true,
                "name": "Micronesia",
                "numeric": 583
              },
              {
                "alpha2": "FO",
                "certified": true,
                "name": "Faroe Islands",
                "numeric": 234
              },
              {
                "alpha2": "FR",
                "certified": true,
                "name": "France",
                "numeric": 250
              },
              {
                "alpha2": "GA",
                "certified": true,
                "name": "Gabon",
                "numeric": 266
              },
              {
                "alpha2": "GB",
                "certified": true,
                "name": "United Kingdom",
                "numeric": 826
              },
              {
                "alpha2": "GD",
                "certified": true,
                "name": "Grenada",
                "numeric": 308
              },
              {
                "alpha2": "GE",
                "certified": true,
                "name": "Georgia",
                "numeric": 268
              },
              {
                "alpha2": "GG",
                "certified": true,
                "name": "Guernsey",
                "numeric": 831
              },
              {
                "alpha2": "GH",
                "certified": true,
                "name": "Ghana",
                "numeric": 288
              },
              {
                "alpha2": "GI",
                "certified": true,
                "name": "Gibraltar",
                "numeric": 292
              },
              {
                "alpha2": "GL",
                "certified": true,
                "name": "Greenland",
                "numeric": 304
              },
              {
                "alpha2": "GR",
                "certified": true,
                "name": "Greece",
                "numeric": 300
              },
              {
                "alpha2": "GT",
                "certified": true,
                "name": "Guatemala",
                "numeric": 320
              },
              {
                "alpha2": "GU",
                "certified": true,
                "name": "Guam",
                "numeric": 316
              },
              {
                "alpha2": "GY",
                "certified": true,
                "name": "Guyana",
                "numeric": 328
              },
              {
                "alpha2": "HK",
                "certified": true,
                "name": "Hong Kong",
                "numeric": 344
              },
              {
                "alpha2": "HN",
                "certified": true,
                "name": "Honduras",
                "numeric": 340
              },
              {
                "alpha2": "HR",
                "certified": true,
                "name": "Croatia",
                "numeric": 191
              },
              {
                "alpha2": "HT",
                "certified": true,
                "name": "Haiti",
                "numeric": 332
              },
              {
                "alpha2": "HU",
                "certified": true,
                "name": "Hungary",
                "numeric": 348
              },
              {
                "alpha2": "ID",
                "certified": true,
                "name": "Indonesia",
                "numeric": 360
              },
              {
                "alpha2": "IE",
                "certified": true,
                "name": "Ireland",
                "numeric": 372
              },
              {
                "alpha2": "IL",
                "certified": true,
                "name": "Israel",
                "numeric": 376
              },
              {
                "alpha2": "IN",
                "certified": true,
                "name": "India",
                "numeric": 356
              },
              {
                "alpha2": "IQ",
                "certified": true,
                "name": "Iraq",
                "numeric": 368
              },
              {
                "alpha2": "IS",
                "certified": true,
                "name": "Iceland",
                "numeric": 352
              },
              {
                "alpha2": "IT",
                "certified": true,
                "name": "Italy",
                "numeric": 380
              },
              {
                "alpha2": "JM",
                "certified": false,
                "name": "Jamaica",
                "numeric": 388
              },
              {
                "alpha2": "JO",
                "certified": true,
                "name": "Jordan",
                "numeric": 400
              },
              {
                "alpha2": "JP",
                "certified": true,
                "name": "Japan",
                "numeric": 392
              },
              {
                "alpha2": "KE",
                "certified": true,
                "name": "Kenya",
                "numeric": 404
              },
              {
                "alpha2": "KH",
                "certified": true,
                "name": "Cambodia",
                "numeric": 116
              },
              {
                "alpha2": "KN",
                "certified": true,
                "name": "Saint Kitts and Nevis",
                "numeric": 659
              },
              {
                "alpha2": "KR",
                "certified": true,
                "name": "Korea Republic",
                "numeric": 410
              },
              {
                "alpha2": "KW",
                "certified": true,
                "name": "Kuwait",
                "numeric": 414
              },
              {
                "alpha2": "KY",
                "certified": true,
                "name": "Cayman Islands",
                "numeric": 136
              },
              {
                "alpha2": "KZ",
                "certified": true,
                "name": "Kazakhstan",
                "numeric": 398
              },
              {
                "alpha2": "LB",
                "certified": true,
                "name": "Lebanon",
                "numeric": 422
              },
              {
                "alpha2": "LC",
                "certified": true,
                "name": "Saint Lucia",
                "numeric": 662
              },
              {
                "alpha2": "LI",
                "certified": true,
                "name": "Liechtenstein",
                "numeric": 438
              },
              {
                "alpha2": "LK",
                "certified": true,
                "name": "Sri Lanka",
                "numeric": 144
              },
              {
                "alpha2": "LT",
                "certified": true,
                "name": "Lithuania",
                "numeric": 440
              },
              {
                "alpha2": "LU",
                "certified": true,
                "name": "Luxembourg",
                "numeric": 442
              },
              {
                "alpha2": "LV",
                "certified": true,
                "name": "Latvia",
                "numeric": 428
              },
              {
                "alpha2": "LY",
                "certified": true,
                "name": "Libya",
                "numeric": 434
              },
              {
                "alpha2": "MA",
                "certified": true,
                "name": "Morocco",
                "numeric": 504
              },
              {
                "alpha2": "MC",
                "certified": true,
                "name": "Monaco",
                "numeric": 492
              },
              {
                "alpha2": "MD",
                "certified": true,
                "name": "Moldova",
                "numeric": 498
              },
              {
                "alpha2": "ME",
                "certified": true,
                "name": "Montenegro",
                "numeric": 499
              },
              {
                "alpha2": "MF",
                "certified": true,
                "name": "Saint Martin",
                "numeric": 663
              },
              {
                "alpha2": "MK",
                "certified": true,
                "name": "Macedonia",
                "numeric": 807
              },
              {
                "alpha2": "ML",
                "certified": true,
                "name": "Mali",
                "numeric": 466
              },
              {
                "alpha2": "MO",
                "certified": true,
                "name": "Macau",
                "numeric": 446
              },
              {
                "alpha2": "MP",
                "certified": true,
                "name": "Northern Mariana Islands",
                "numeric": 580
              },
              {
                "alpha2": "MT",
                "certified": true,
                "name": "Malta",
                "numeric": 470
              },
              {
                "alpha2": "MU",
                "certified": true,
                "name": "Mauritius",
                "numeric": 480
              },
              {
                "alpha2": "MV",
                "certified": true,
                "name": "Maldives",
                "numeric": 462
              },
              {
                "alpha2": "MX",
                "certified": true,
                "name": "Mexico",
                "numeric": 484
              },
              {
                "alpha2": "MY",
                "certified": true,
                "name": "Malaysia",
                "numeric": 458
              },
              {
                "alpha2": "MZ",
                "certified": true,
                "name": "Mozambique",
                "numeric": 508
              },
              {
                "alpha2": "NA",
                "certified": true,
                "name": "Namibia",
                "numeric": 516
              },
              {
                "alpha2": "NG",
                "certified": true,
                "name": "Nigeria",
                "numeric": 566
              },
              {
                "alpha2": "NI",
                "certified": true,
                "name": "Nicaragua",
                "numeric": 558
              },
              {
                "alpha2": "NL",
                "certified": true,
                "name": "Netherlands",
                "numeric": 528
              },
              {
                "alpha2": "NO",
                "certified": true,
                "name": "Norway",
                "numeric": 578
              },
              {
                "alpha2": "NP",
                "certified": false,
                "name": "Nepal",
                "numeric": 524
              },
              {
                "alpha2": "NZ",
                "certified": true,
                "name": "New Zealand",
                "numeric": 554
              },
              {
                "alpha2": "OM",
                "certified": true,
                "name": "Oman",
                "numeric": 512
              },
              {
                "alpha2": "PA",
                "certified": true,
                "name": "Panama",
                "numeric": 591
              },
              {
                "alpha2": "PE",
                "certified": true,
                "name": "Peru",
                "numeric": 604
              },
              {
                "alpha2": "PF",
                "certified": true,
                "name": "French Polynesia",
                "numeric": 258
              },
              {
                "alpha2": "PG",
                "certified": false,
                "name": "Papua New Guinea",
                "numeric": 598
              },
              {
                "alpha2": "PH",
                "certified": true,
                "name": "Philippines",
                "numeric": 608
              },
              {
                "alpha2": "PK",
                "certified": true,
                "name": "Pakistan",
                "numeric": 586
              },
              {
                "alpha2": "PL",
                "certified": true,
                "name": "Poland",
                "numeric": 616
              },
              {
                "alpha2": "PR",
                "certified": true,
                "name": "Puerto Rico",
                "numeric": 630
              },
              {
                "alpha2": "PT",
                "certified": true,
                "name": "Portugal",
                "numeric": 620
              },
              {
                "alpha2": "PW",
                "certified": true,
                "name": "Palau",
                "numeric": 585
              },
              {
                "alpha2": "PY",
                "certified": true,
                "name": "Paraguay",
                "numeric": 600
              },
              {
                "alpha2": "QA",
                "certified": true,
                "name": "Qatar",
                "numeric": 634
              },
              {
                "alpha2": "RE",
                "certified": true,
                "name": "Reunion",
                "numeric": 638
              },
              {
                "alpha2": "RO",
                "certified": true,
                "name": "Romania",
                "numeric": 642
              },
              {
                "alpha2": "RS",
                "certified": true,
                "name": "Serbia",
                "numeric": 688
              },
              {
                "alpha2": "RU",
                "certified": true,
                "name": "Russia",
                "numeric": 643
              },
              {
                "alpha2": "RW",
                "certified": false,
                "name": "Rwanda",
                "numeric": 646
              },
              {
                "alpha2": "SA",
                "certified": true,
                "name": "Saudi Arabia",
                "numeric": 682
              },
              {
                "alpha2": "SE",
                "certified": true,
                "name": "Sweden",
                "numeric": 752
              },
              {
                "alpha2": "SG",
                "certified": true,
                "name": "Singapore",
                "numeric": 702
              },
              {
                "alpha2": "SI",
                "certified": true,
                "name": "Slovenia",
                "numeric": 705
              },
              {
                "alpha2": "SK",
                "certified": true,
                "name": "Slovakia",
                "numeric": 703
              },
              {
                "alpha2": "SM",
                "certified": true,
                "name": "San Marino",
                "numeric": 674
              },
              {
                "alpha2": "SV",
                "certified": true,
                "name": "El Salvador",
                "numeric": 222
              },
              {
                "alpha2": "SZ",
                "certified": true,
                "name": "Eswatini",
                "numeric": 748
              },
              {
                "alpha2": "TC",
                "certified": true,
                "name": "Turks and Caicos Islands",
                "numeric": 796
              },
              {
                "alpha2": "TF",
                "certified": true,
                "name": "French Southern Territories",
                "numeric": 260
              },
              {
                "alpha2": "TG",
                "certified": true,
                "name": "Togo",
                "numeric": 768
              },
              {
                "alpha2": "TH",
                "certified": true,
                "name": "Thailand",
                "numeric": 764
              },
              {
                "alpha2": "TN",
                "certified": false,
                "name": "Tunisia",
                "numeric": 788
              },
              {
                "alpha2": "TR",
                "certified": true,
                "name": "Turkey",
                "numeric": 792
              },
              {
                "alpha2": "TT",
                "certified": true,
                "name": "Trinidad and Tobago",
                "numeric": 780
              },
              {
                "alpha2": "TW",
                "certified": true,
                "name": "Taiwan",
                "numeric": 158
              },
              {
                "alpha2": "TZ",
                "certified": true,
                "name": "Tanzania",
                "numeric": 834
              },
              {
                "alpha2": "UA",
                "certified": true,
                "name": "Ukraine",
                "numeric": 804
              },
              {
                "alpha2": "UG",
                "certified": false,
                "name": "Uganda",
                "numeric": 800
              },
              {
                "alpha2": "US",
                "certified": true,
                "name": "United States",
                "numeric": 840
              },
              {
                "alpha2": "UY",
                "certified": true,
                "name": "Uruguay",
                "numeric": 858
              },
              {
                "alpha2": "UZ",
                "certified": false,
                "name": "Uzbekistan",
                "numeric": 860
              },
              {
                "alpha2": "VA",
                "certified": true,
                "name": "Holy See",
                "numeric": 336
              },
              {
                "alpha2": "VE",
                "certified": true,
                "name": "Venezuela",
                "numeric": 862
              },
              {
                "alpha2": "VI",
                "certified": true,
                "name": "Virgin Islands",
                "numeric": 850
              },
              {
                "alpha2": "VN",
                "certified": true,
                "name": "Viet Nam",
                "numeric": 704
              },
              {
                "alpha2": "WF",
                "certified": true,
                "name": "Wallis and Futuna",
                "numeric": 876
              },
              {
                "alpha2": "XK",
                "certified": true,
                "name": "Kosovo",
                "numeric": 983
              },
              {
                "alpha2": "YE",
                "certified": false,
                "name": "Yemen",
                "numeric": 887
              },
              {
                "alpha2": "ZA",
                "certified": true,
                "name": "South Africa",
                "numeric": 710
              },
              {
                "alpha2": "ZW",
                "certified": false,
                "name": "Zimbabwe",
                "numeric": 716
              },
              {
                "alpha2": "__",
                "certified": false,
                "name": "Any Country",
                "numeric": 0
              }
            ]
          },
          "sensitive_attributes": []
        }
      ]
    },
    {
      "mode": "managed",
      "type": "mist_org",
      "name": "terraform_test",
      "provider": "provider[\"registry.terraform.io/juniper/mist\"]",
      "instances": [
        {
          "schema_version": 0,
          "attributes": {
            "alarmtemplate_id": null,
            "allow_mist": true,
            "id": "992bf4b9-c900-4850-9992-107b2f9df928",
            "msp_id": null,
            "msp_logo_url": null,
            "msp_name": null,
            "name": "Terraform Testing",
            "orggroup_ids": [],
            "session_expiry": 1440
          },
          "sensitive_attributes": []
        }
      ]
    }
  ],
  "check_results": null
}
