{
  "version": 4,
  "terraform_version": "1.9.2",
  "serial": 1387,
  "lineage": "20532229-881e-4371-f1fd-11d081e97e25",
  "outputs": {},
  "resources": [
    {
      "mode": "data",
      "type": "mist_org_inventory",
      "name": "test",
      "provider": "provider[\"registry.terraform.io/juniper/mist\"]",
      "instances": [
        {
          "schema_version": 0,
          "attributes": {
            "mac": null,
            "model": null,
            "org_id": "9777c1a0-6ef6-11e6-8bbf-02e208b2d34f",
            "org_inventory": [
              {
                "adopted": true,
                "connected": false,
                "created_time": 1603411683,
                "deviceprofile_id": null,
                "hostname": "ld-cup-idf-c2",
                "hw_rev": "",
                "id": "00000000-0000-0000-1000-182ad34a5ea2",
                "jsi": false,
                "mac": "182ad34a5ea2",
                "magic": "",
                "model": "EX3400-48P",
                "modified_time": 1603412142,
                "name": "ld-cup-idf-c2",
                "org_id": "9777c1a0-6ef6-11e6-8bbf-02e208b2d34f",
                "serial": "NY3619240555",
                "site_id": "978c48e6-6ef6-11e6-8bbf-02e208b2d34f",
                "sku": "",
                "vc_mac": null
              },
              {
                "adopted": true,
                "connected": false,
                "created_time": 1686073190,
                "deviceprofile_id": null,
                "hostname": null,
                "hw_rev": "",
                "id": "00000000-0000-0000-1000-2c6bf5628700",
                "jsi": false,
                "mac": "2c6bf5628700",
                "magic": "",
                "model": "EX9214",
                "modified_time": 1686073393,
                "name": "EVPN-MH-CORE1",
                "org_id": "9777c1a0-6ef6-11e6-8bbf-02e208b2d34f",
                "serial": "VM646F845BE6",
                "site_id": "a404ee98-2480-4723-9a02-6f3e080d5bff",
                "sku": "",
                "vc_mac": null
              },
              {
                "adopted": true,
                "connected": false,
                "created_time": 1686073225,
                "deviceprofile_id": null,
                "hostname": null,
                "hw_rev": "",
                "id": "00000000-0000-0000-1000-2c6bf5b2ec00",
                "jsi": false,
                "mac": "2c6bf5b2ec00",
                "magic": "",
                "model": "EX9214",
                "modified_time": 1686073393,
                "name": "EVPN-MH-CORE2",
                "org_id": "9777c1a0-6ef6-11e6-8bbf-02e208b2d34f",
                "serial": "VM646F845A0F",
                "site_id": "a404ee98-2480-4723-9a02-6f3e080d5bff",
                "sku": "",
                "vc_mac": null
              },
              {
                "adopted": true,
                "connected": false,
                "created_time": 1686073262,
                "deviceprofile_id": null,
                "hostname": null,
                "hw_rev": "",
                "id": "00000000-0000-0000-1000-2c6bf5125100",
                "jsi": false,
                "mac": "2c6bf5125100",
                "magic": "",
                "model": "EX9214",
                "modified_time": 1686073393,
                "name": "EVPN-MH-ACC1",
                "org_id": "9777c1a0-6ef6-11e6-8bbf-02e208b2d34f",
                "serial": "VM646F85E433",
                "site_id": "a404ee98-2480-4723-9a02-6f3e080d5bff",
                "sku": "",
                "vc_mac": null
              },
              {
                "adopted": true,
                "connected": false,
                "created_time": 1686073291,
                "deviceprofile_id": null,
                "hostname": null,
                "hw_rev": "",
                "id": "00000000-0000-0000-1000-2c6bf5a16700",
                "jsi": false,
                "mac": "2c6bf5a16700",
                "magic": "",
                "model": "EX9214",
                "modified_time": 1686073393,
                "name": "EVPN-MH-ACC2",
                "org_id": "9777c1a0-6ef6-11e6-8bbf-02e208b2d34f",
                "serial": "VM646F85EBFF",
                "site_id": "a404ee98-2480-4723-9a02-6f3e080d5bff",
                "sku": "",
                "vc_mac": null
              },
              {
                "adopted": true,
                "connected": false,
                "created_time": 1686073937,
                "deviceprofile_id": null,
                "hostname": null,
                "hw_rev": "",
                "id": "00000000-0000-0000-1000-2c6bf5fa9d00",
                "jsi": false,
                "mac": "2c6bf5fa9d00",
                "magic": "",
                "model": "EX9214",
                "modified_time": 1697126750,
                "name": "IPCLOS-DIST1",
                "org_id": "9777c1a0-6ef6-11e6-8bbf-02e208b2d34f",
                "serial": "VM646BFD0331",
                "site_id": "a404ee98-2480-4723-9a02-6f3e080d5bff",
                "sku": "",
                "vc_mac": null
              },
              {
                "adopted": true,
                "connected": false,
                "created_time": 1686073971,
                "deviceprofile_id": null,
                "hostname": null,
                "hw_rev": "",
                "id": "00000000-0000-0000-1000-2c6bf5bf6c00",
                "jsi": false,
                "mac": "2c6bf5bf6c00",
                "magic": "",
                "model": "EX9214",
                "modified_time": 1697126749,
                "name": "IPCLOS-DIST2",
                "org_id": "9777c1a0-6ef6-11e6-8bbf-02e208b2d34f",
                "serial": "VM646BFD097B",
                "site_id": "a404ee98-2480-4723-9a02-6f3e080d5bff",
                "sku": "",
                "vc_mac": null
              },
              {
                "adopted": true,
                "connected": false,
                "created_time": 1686074028,
                "deviceprofile_id": null,
                "hostname": null,
                "hw_rev": "",
                "id": "00000000-0000-0000-1000-2c6bf5d59300",
                "jsi": false,
                "mac": "2c6bf5d59300",
                "magic": "",
                "model": "EX9214",
                "modified_time": 1697126750,
                "name": "IPCLOS-ACC2",
                "org_id": "9777c1a0-6ef6-11e6-8bbf-02e208b2d34f",
                "serial": "VM646C411215",
                "site_id": "a404ee98-2480-4723-9a02-6f3e080d5bff",
                "sku": "",
                "vc_mac": null
              },
              {
                "adopted": true,
                "connected": false,
                "created_time": 1686075461,
                "deviceprofile_id": null,
                "hostname": null,
                "hw_rev": "",
                "id": "00000000-0000-0000-1000-2c6bf5dac500",
                "jsi": false,
                "mac": "2c6bf5dac500",
                "magic": "",
                "model": "EX9214",
                "modified_time": 1686075732,
                "name": "CRB-CORE1",
                "org_id": "9777c1a0-6ef6-11e6-8bbf-02e208b2d34f",
                "serial": "VM646F860BE2",
                "site_id": "a404ee98-2480-4723-9a02-6f3e080d5bff",
                "sku": "",
                "vc_mac": null
              },
              {
                "adopted": true,
                "connected": false,
                "created_time": 1686075504,
                "deviceprofile_id": null,
                "hostname": null,
                "hw_rev": "",
                "id": "00000000-0000-0000-1000-2c6bf5b0bb00",
                "jsi": false,
                "mac": "2c6bf5b0bb00",
                "magic": "",
                "model": "EX9214",
                "modified_time": 1686075732,
                "name": "CRB-CORE2",
                "org_id": "9777c1a0-6ef6-11e6-8bbf-02e208b2d34f",
                "serial": "VM646F8606EC",
                "site_id": "a404ee98-2480-4723-9a02-6f3e080d5bff",
                "sku": "",
                "vc_mac": null
              },
              {
                "adopted": true,
                "connected": false,
                "created_time": 1686075552,
                "deviceprofile_id": null,
                "hostname": null,
                "hw_rev": "",
                "id": "00000000-0000-0000-1000-2c6bf5f1f200",
                "jsi": false,
                "mac": "2c6bf5f1f200",
                "magic": "",
                "model": "EX9214",
                "modified_time": 1686075732,
                "name": "CRB-DIST1",
                "org_id": "9777c1a0-6ef6-11e6-8bbf-02e208b2d34f",
                "serial": "VM646F860DB2",
                "site_id": "a404ee98-2480-4723-9a02-6f3e080d5bff",
                "sku": "",
                "vc_mac": null
              },
              {
                "adopted": true,
                "connected": false,
                "created_time": 1686075594,
                "deviceprofile_id": null,
                "hostname": null,
                "hw_rev": "",
                "id": "00000000-0000-0000-1000-2c6bf5df9f00",
                "jsi": false,
                "mac": "2c6bf5df9f00",
                "magic": "",
                "model": "EX9214",
                "modified_time": 1686075732,
                "name": "CRB-DIST2",
                "org_id": "9777c1a0-6ef6-11e6-8bbf-02e208b2d34f",
                "serial": "VM646F8A33C8",
                "site_id": "a404ee98-2480-4723-9a02-6f3e080d5bff",
                "sku": "",
                "vc_mac": null
              },
              {
                "adopted": true,
                "connected": false,
                "created_time": 1686075645,
                "deviceprofile_id": null,
                "hostname": null,
                "hw_rev": "",
                "id": "00000000-0000-0000-1000-2c6bf5ac1b00",
                "jsi": false,
                "mac": "2c6bf5ac1b00",
                "magic": "",
                "model": "EX9214",
                "modified_time": 1686075732,
                "name": "CRB-ACC1",
                "org_id": "9777c1a0-6ef6-11e6-8bbf-02e208b2d34f",
                "serial": "VM646F8A315D",
                "site_id": "a404ee98-2480-4723-9a02-6f3e080d5bff",
                "sku": "",
                "vc_mac": null
              },
              {
                "adopted": true,
                "connected": false,
                "created_time": 1686075670,
                "deviceprofile_id": null,
                "hostname": null,
                "hw_rev": "",
                "id": "00000000-0000-0000-1000-2c6bf57a9400",
                "jsi": false,
                "mac": "2c6bf57a9400",
                "magic": "",
                "model": "EX9214",
                "modified_time": 1686075732,
                "name": "CRB-ACC2",
                "org_id": "9777c1a0-6ef6-11e6-8bbf-02e208b2d34f",
                "serial": "VM646F8A2A72",
                "site_id": "a404ee98-2480-4723-9a02-6f3e080d5bff",
                "sku": "",
                "vc_mac": null
              },
              {
                "adopted": true,
                "connected": false,
                "created_time": 1686080002,
                "deviceprofile_id": null,
                "hostname": null,
                "hw_rev": "",
                "id": "00000000-0000-0000-1000-2c6bf5428800",
                "jsi": false,
                "mac": "2c6bf5428800",
                "magic": "",
                "model": "EX9214",
                "modified_time": 1706312940,
                "name": "ERB-CORE1",
                "org_id": "9777c1a0-6ef6-11e6-8bbf-02e208b2d34f",
                "serial": "VM646F8B5E4E",
                "site_id": "6546cf6f-b640-43cc-927a-d7fcbbba1772",
                "sku": "",
                "vc_mac": null
              },
              {
                "adopted": true,
                "connected": false,
                "created_time": 1686080039,
                "deviceprofile_id": null,
                "hostname": null,
                "hw_rev": "",
                "id": "00000000-0000-0000-1000-2c6bf5b26600",
                "jsi": false,
                "mac": "2c6bf5b26600",
                "magic": "",
                "model": "EX9214",
                "modified_time": 1710222995,
                "name": "ERB-CORE2",
                "org_id": "9777c1a0-6ef6-11e6-8bbf-02e208b2d34f",
                "serial": "VM646F8B5954",
                "site_id": "6546cf6f-b640-43cc-927a-d7fcbbba1772",
                "sku": "",
                "vc_mac": null
              },
              {
                "adopted": true,
                "connected": false,
                "created_time": 1686080073,
                "deviceprofile_id": null,
                "hostname": null,
                "hw_rev": "",
                "id": "00000000-0000-0000-1000-2c6bf5e26500",
                "jsi": false,
                "mac": "2c6bf5e26500",
                "magic": "",
                "model": "EX9214",
                "modified_time": 1686080396,
                "name": "ERB-DIST2",
                "org_id": "9777c1a0-6ef6-11e6-8bbf-02e208b2d34f",
                "serial": "VM646F8B576B",
                "site_id": "a404ee98-2480-4723-9a02-6f3e080d5bff",
                "sku": "",
                "vc_mac": null
              },
              {
                "adopted": true,
                "connected": false,
                "created_time": 1686080094,
                "deviceprofile_id": null,
                "hostname": null,
                "hw_rev": "",
                "id": "00000000-0000-0000-1000-2c6bf5448600",
                "jsi": false,
                "mac": "2c6bf5448600",
                "magic": "",
                "model": "EX9214",
                "modified_time": 1686080395,
                "name": "ERB-DIST1",
                "org_id": "9777c1a0-6ef6-11e6-8bbf-02e208b2d34f",
                "serial": "VM646F8B61A4",
                "site_id": "a404ee98-2480-4723-9a02-6f3e080d5bff",
                "sku": "",
                "vc_mac": null
              },
              {
                "adopted": true,
                "connected": false,
                "created_time": 1686080299,
                "deviceprofile_id": null,
                "hostname": null,
                "hw_rev": "",
                "id": "00000000-0000-0000-1000-2c6bf5e44800",
                "jsi": false,
                "mac": "2c6bf5e44800",
                "magic": "",
                "model": "EX9214",
                "modified_time": 1686080396,
                "name": "ERB-ACC1",
                "org_id": "9777c1a0-6ef6-11e6-8bbf-02e208b2d34f",
                "serial": "VM647F7F8A60",
                "site_id": "a404ee98-2480-4723-9a02-6f3e080d5bff",
                "sku": "",
                "vc_mac": null
              },
              {
                "adopted": true,
                "connected": false,
                "created_time": 1686080317,
                "deviceprofile_id": null,
                "hostname": null,
                "hw_rev": "",
                "id": "00000000-0000-0000-1000-2c6bf58a1600",
                "jsi": false,
                "mac": "2c6bf58a1600",
                "magic": "",
                "model": "EX9214",
                "modified_time": 1686080395,
                "name": "ERB-ACC2",
                "org_id": "9777c1a0-6ef6-11e6-8bbf-02e208b2d34f",
                "serial": "VM647F7F9651",
                "site_id": "a404ee98-2480-4723-9a02-6f3e080d5bff",
                "sku": "",
                "vc_mac": null
              },
              {
                "adopted": true,
                "connected": false,
                "created_time": 1686116811,
                "deviceprofile_id": null,
                "hostname": null,
                "hw_rev": "",
                "id": "00000000-0000-0000-1000-2c6bf5e7ce00",
                "jsi": false,
                "mac": "2c6bf5e7ce00",
                "magic": "",
                "model": "EX9214",
                "modified_time": 1686117231,
                "name": "NUC-LAB-CORE1",
                "org_id": "9777c1a0-6ef6-11e6-8bbf-02e208b2d34f",
                "serial": "VM648008AB8E",
                "site_id": "a404ee98-2480-4723-9a02-6f3e080d5bff",
                "sku": "",
                "vc_mac": null
              },
              {
                "adopted": true,
                "connected": false,
                "created_time": 1686116984,
                "deviceprofile_id": null,
                "hostname": null,
                "hw_rev": "",
                "id": "00000000-0000-0000-1000-2c6bf5875400",
                "jsi": false,
                "mac": "2c6bf5875400",
                "magic": "",
                "model": "EX9214",
                "modified_time": 1686117231,
                "name": "NUC-LAB-CORE2",
                "org_id": "9777c1a0-6ef6-11e6-8bbf-02e208b2d34f",
                "serial": "VM648003A160",
                "site_id": "a404ee98-2480-4723-9a02-6f3e080d5bff",
                "sku": "",
                "vc_mac": null
              },
              {
                "adopted": true,
                "connected": false,
                "created_time": 1686117245,
                "deviceprofile_id": null,
                "hostname": null,
                "hw_rev": "",
                "id": "00000000-0000-0000-1000-2c6bf5dd3e00",
                "jsi": false,
                "mac": "2c6bf5dd3e00",
                "magic": "",
                "model": "EX9214",
                "modified_time": 1686117484,
                "name": "NUC-LAB-DIST1",
                "org_id": "9777c1a0-6ef6-11e6-8bbf-02e208b2d34f",
                "serial": "VM6480039882",
                "site_id": "a404ee98-2480-4723-9a02-6f3e080d5bff",
                "sku": "",
                "vc_mac": null
              },
              {
                "adopted": true,
                "connected": false,
                "created_time": 1686117369,
                "deviceprofile_id": null,
                "hostname": null,
                "hw_rev": "",
                "id": "00000000-0000-0000-1000-2c6bf580b900",
                "jsi": false,
                "mac": "2c6bf580b900",
                "magic": "",
                "model": "EX9214",
                "modified_time": 1686117484,
                "name": "NUC-LAB-DIST2",
                "org_id": "9777c1a0-6ef6-11e6-8bbf-02e208b2d34f",
                "serial": "VM648003989C",
                "site_id": "a404ee98-2480-4723-9a02-6f3e080d5bff",
                "sku": "",
                "vc_mac": null
              },
              {
                "adopted": true,
                "connected": false,
                "created_time": 1686117497,
                "deviceprofile_id": null,
                "hostname": null,
                "hw_rev": "",
                "id": "00000000-0000-0000-1000-2c6bf5117900",
                "jsi": false,
                "mac": "2c6bf5117900",
                "magic": "",
                "model": "EX9214",
                "modified_time": 1686117678,
                "name": "NUC-LAB-ACC1",
                "org_id": "9777c1a0-6ef6-11e6-8bbf-02e208b2d34f",
                "serial": "VM6480039E50",
                "site_id": "a404ee98-2480-4723-9a02-6f3e080d5bff",
                "sku": "",
                "vc_mac": null
              },
              {
                "adopted": true,
                "connected": false,
                "created_time": 1686117673,
                "deviceprofile_id": null,
                "hostname": null,
                "hw_rev": "",
                "id": "00000000-0000-0000-1000-2c6bf5747400",
                "jsi": false,
                "mac": "2c6bf5747400",
                "magic": "",
                "model": "EX9214",
                "modified_time": 1686117694,
                "name": "NUC-LAB-ACC2",
                "org_id": "9777c1a0-6ef6-11e6-8bbf-02e208b2d34f",
                "serial": "VM648003A00A",
                "site_id": "a404ee98-2480-4723-9a02-6f3e080d5bff",
                "sku": "",
                "vc_mac": null
              },
              {
                "adopted": true,
                "connected": true,
                "created_time": 1584064575,
                "deviceprofile_id": null,
                "hostname": "ld-cup-idf-d-desktop",
                "hw_rev": "",
                "id": "00000000-0000-0000-1000-3c8c939474dc",
                "jsi": false,
                "mac": "3c8c939474dc",
                "magic": "",
                "model": "EX2300-C-12P",
                "modified_time": 1654213643,
                "name": "ld-cup-idf-d-desktop",
                "org_id": "9777c1a0-6ef6-11e6-8bbf-02e208b2d34f",
                "serial": "HV3619190181",
                "site_id": "978c48e6-6ef6-11e6-8bbf-02e208b2d34f",
                "sku": "",
                "vc_mac": null
              },
              {
                "adopted": true,
                "connected": true,
                "created_time": 1599861252,
                "deviceprofile_id": null,
                "hostname": "ld-cup-idf-d-VC",
                "hw_rev": "",
                "id": "00000000-0000-0000-1000-d0dd4991652d",
                "jsi": false,
                "mac": "d0dd4991652d",
                "magic": "",
                "model": "EX2300-48P",
                "modified_time": 1603152674,
                "name": "ld-cup-idf-d-VC",
                "org_id": "9777c1a0-6ef6-11e6-8bbf-02e208b2d34f",
                "serial": "JW3619300922",
                "site_id": "978c48e6-6ef6-11e6-8bbf-02e208b2d34f",
                "sku": "",
                "vc_mac": "d0dd4991652d"
              },
              {
                "adopted": true,
                "connected": true,
                "created_time": 1633715087,
                "deviceprofile_id": null,
                "hostname": "LD_CUP_SRX_1",
                "hw_rev": "",
                "id": "00000000-0000-0000-1000-fc33426d5b80",
                "jsi": false,
                "mac": "fc33426d5b80",
                "magic": "",
                "model": "SRX340",
                "modified_time": 1633715180,
                "name": "LD_CUP_SRX_1",
                "org_id": "9777c1a0-6ef6-11e6-8bbf-02e208b2d34f",
                "serial": "CY1519AN0194",
                "site_id": "978c48e6-6ef6-11e6-8bbf-02e208b2d34f",
                "sku": "",
                "vc_mac": null
              },
              {
                "adopted": true,
                "connected": true,
                "created_time": 1716922172,
                "deviceprofile_id": "7fe2e55e-6345-4449-8275-3e4b44353e5e",
                "hostname": "sdwan-sanfrancisco-hub",
                "hw_rev": "",
                "id": "00000000-0000-0000-1000-02000152cc51",
                "jsi": false,
                "mac": "02000152cc51",
                "magic": "",
                "model": "SSR",
                "modified_time": 1716922300,
                "name": "sdwan-sanfrancisco-hub",
                "org_id": "9777c1a0-6ef6-11e6-8bbf-02e208b2d34f",
                "serial": "09c1cfb158ea8abf53c39c82ea335c6d",
                "site_id": "7b0290dc-8c0a-433b-b2b2-3a0acd0b5361",
                "sku": "",
                "vc_mac": null
              },
              {
                "adopted": true,
                "connected": true,
                "created_time": 1716923972,
                "deviceprofile_id": "4dd65e58-c748-410f-9f86-7e284aea9738",
                "hostname": "sdwan-newyork-hub",
                "hw_rev": "",
                "id": "00000000-0000-0000-1000-0200010a08b2",
                "jsi": false,
                "mac": "0200010a08b2",
                "magic": "",
                "model": "SSR",
                "modified_time": 1716924420,
                "name": "sdwan-newyork-hub",
                "org_id": "9777c1a0-6ef6-11e6-8bbf-02e208b2d34f",
                "serial": "03021e81870826ca594079d985b5f2f9",
                "site_id": "e0b86c97-f68c-42f7-b139-c45dd42eb43c",
                "sku": "",
                "vc_mac": "0200010a08b2"
              },
              {
                "adopted": true,
                "connected": true,
                "created_time": 1716925886,
                "deviceprofile_id": null,
                "hostname": "sdwan-denver",
                "hw_rev": "",
                "id": "00000000-0000-0000-1000-020001299916",
                "jsi": false,
                "mac": "020001299916",
                "magic": "",
                "model": "SSR",
                "modified_time": 1716925904,
                "name": "sdwan-denver",
                "org_id": "9777c1a0-6ef6-11e6-8bbf-02e208b2d34f",
                "serial": "bd9de350ad4a7afa2a3538b68f86ebcd",
                "site_id": "40fe68a7-2174-4236-ad90-9bcf09e65658",
                "sku": "",
                "vc_mac": null
              },
              {
                "adopted": true,
                "connected": true,
                "created_time": 1716926123,
                "deviceprofile_id": null,
                "hostname": "sdwan-atlanta",
                "hw_rev": "",
                "id": "00000000-0000-0000-1000-020001daefa9",
                "jsi": false,
                "mac": "020001daefa9",
                "magic": "",
                "model": "SSR",
                "modified_time": 1716926139,
                "name": "sdwan-atlanta",
                "org_id": "9777c1a0-6ef6-11e6-8bbf-02e208b2d34f",
                "serial": "b1657f40cbdc3cfb567aa5a7aefda8fd",
                "site_id": "1afcd5ca-2441-481c-b437-70e34c22dc07",
                "sku": "",
                "vc_mac": null
              },
              {
                "adopted": true,
                "connected": true,
                "created_time": 1716994804,
                "deviceprofile_id": null,
                "hostname": "sdwan_onboarding",
                "hw_rev": "",
                "id": "00000000-0000-0000-1000-02000137bb9c",
                "jsi": false,
                "mac": "02000137bb9c",
                "magic": "",
                "model": "SSR",
                "modified_time": 1720643696,
                "name": "sdwan_onboarding",
                "org_id": "9777c1a0-6ef6-11e6-8bbf-02e208b2d34f",
                "serial": "f91b8df3460ac1034afb3a3d578f0255",
                "site_id": "0247b1bb-56d6-457c-b8b4-e5a655003fbb",
                "sku": "",
                "vc_mac": null
              },
              {
                "adopted": true,
                "connected": true,
                "created_time": 1718227707,
                "deviceprofile_id": null,
                "hostname": "Phoenix-Switch",
                "hw_rev": "",
                "id": "00000000-0000-0000-1000-d007caf52100",
                "jsi": false,
                "mac": "d007caf52100",
                "magic": "",
                "model": "EX4300-48T",
                "modified_time": 1718227854,
                "name": "Phoenix-Switch",
                "org_id": "9777c1a0-6ef6-11e6-8bbf-02e208b2d34f",
                "serial": "PE3717390301",
                "site_id": "46fc665e-9706-4296-8fe2-78f42f2e67e4",
                "sku": "",
                "vc_mac": null
              },
              {
                "adopted": true,
                "connected": true,
                "created_time": 1718655261,
                "deviceprofile_id": null,
                "hostname": "sdwan-phoenix",
                "hw_rev": "",
                "id": "00000000-0000-0000-1000-0200017e52a1",
                "jsi": false,
                "mac": "0200017e52a1",
                "magic": "",
                "model": "SSR",
                "modified_time": 1718657088,
                "name": "sdwan-phoenix",
                "org_id": "9777c1a0-6ef6-11e6-8bbf-02e208b2d34f",
                "serial": "99c2985a805478a79faa34c0f56fba3b",
                "site_id": "46fc665e-9706-4296-8fe2-78f42f2e67e4",
                "sku": "",
                "vc_mac": null
              },
              {
                "adopted": null,
                "connected": false,
                "created_time": 1514943617,
                "deviceprofile_id": null,
                "hostname": null,
                "hw_rev": "B2",
                "id": "00000000-0000-0000-1000-5c5b350e4696",
                "jsi": false,
                "mac": "5c5b350e4696",
                "magic": "VV95XL7Q7R6H9DP",
                "model": "AP41",
                "modified_time": 1681263581,
                "name": "MC_5c5b350e4696",
                "org_id": "9777c1a0-6ef6-11e6-8bbf-02e208b2d34f",
                "serial": "10012170202C4",
                "site_id": "978c48e6-6ef6-11e6-8bbf-02e208b2d34f",
                "sku": "AP41-US",
                "vc_mac": null
              },
              {
                "adopted": null,
                "connected": false,
                "created_time": 1663256053,
                "deviceprofile_id": "7d2aec00-4caa-42cc-a4f0-7038b6318689",
                "hostname": null,
                "hw_rev": "A0",
                "id": "00000000-0000-0000-1000-5c5b351ebf9f",
                "jsi": false,
                "mac": "5c5b351ebf9f",
                "magic": "NXC6DNFLPMRH4SH",
                "model": "AP21",
                "modified_time": 1663256156,
                "name": "MC_ AP-21",
                "org_id": "9777c1a0-6ef6-11e6-8bbf-02e208b2d34f",
                "serial": "10203180304D5",
                "site_id": "978c48e6-6ef6-11e6-8bbf-02e208b2d34f",
                "sku": "AP21-US",
                "vc_mac": null
              },
              {
                "adopted": null,
                "connected": false,
                "created_time": 1663256053,
                "deviceprofile_id": null,
                "hostname": null,
                "hw_rev": "B2",
                "id": "00000000-0000-0000-1000-5c5b350e4cbd",
                "jsi": false,
                "mac": "5c5b350e4cbd",
                "magic": "ADJAT9A48RCF76H",
                "model": "AP41",
                "modified_time": 1663256767,
                "name": "Deeyo AP 1",
                "org_id": "9777c1a0-6ef6-11e6-8bbf-02e208b2d34f",
                "serial": "100131702012F",
                "site_id": "49ff76e0-a283-4e7d-b38d-041f1e9aff3c",
                "sku": "AP41-US",
                "vc_mac": null
              },
              {
                "adopted": null,
                "connected": false,
                "created_time": 1663256054,
                "deviceprofile_id": null,
                "hostname": null,
                "hw_rev": "B2",
                "id": "00000000-0000-0000-1000-5c5b350edf63",
                "jsi": false,
                "mac": "5c5b350edf63",
                "magic": "4HZPPSBHMXTGA2H",
                "model": "AP41",
                "modified_time": 1663256768,
                "name": "Deeyo AP4",
                "org_id": "9777c1a0-6ef6-11e6-8bbf-02e208b2d34f",
                "serial": "100211702007F",
                "site_id": "49ff76e0-a283-4e7d-b38d-041f1e9aff3c",
                "sku": "AP41-US",
                "vc_mac": null
              },
              {
                "adopted": null,
                "connected": false,
                "created_time": 1663256054,
                "deviceprofile_id": null,
                "hostname": null,
                "hw_rev": "D5",
                "id": "00000000-0000-0000-1000-5c5b353e4e8e",
                "jsi": false,
                "mac": "5c5b353e4e8e",
                "magic": "78JAFPB7TD85GSW",
                "model": "AP41",
                "modified_time": 1663256768,
                "name": "Deeyo AP 3",
                "org_id": "9777c1a0-6ef6-11e6-8bbf-02e208b2d34f",
                "serial": "1000418020437",
                "site_id": "49ff76e0-a283-4e7d-b38d-041f1e9aff3c",
                "sku": "AP41-US",
                "vc_mac": null
              },
              {
                "adopted": null,
                "connected": false,
                "created_time": 1663695292,
                "deviceprofile_id": null,
                "hostname": null,
                "hw_rev": "E08",
                "id": "00000000-0000-0000-1000-5c5b35ae3f1b",
                "jsi": false,
                "mac": "5c5b35ae3f1b",
                "magic": "7JB5SDY9LTG88PK",
                "model": "AP41",
                "modified_time": 1663695369,
                "name": "Deeyo AP 5",
                "org_id": "9777c1a0-6ef6-11e6-8bbf-02e208b2d34f",
                "serial": "A00121902118F",
                "site_id": "49ff76e0-a283-4e7d-b38d-041f1e9aff3c",
                "sku": "AP41-US",
                "vc_mac": null
              },
              {
                "adopted": null,
                "connected": false,
                "created_time": 1694711015,
                "deviceprofile_id": null,
                "hostname": null,
                "hw_rev": "02",
                "id": "00000000-0000-0000-1000-d420b0f103c5",
                "jsi": false,
                "mac": "d420b0f103c5",
                "magic": "EKZL7MVYFQS9VJ3",
                "model": "AP45",
                "modified_time": 1694711016,
                "name": "LD_Mist_HF_2",
                "org_id": "9777c1a0-6ef6-11e6-8bbf-02e208b2d34f",
                "serial": "A16372102009B",
                "site_id": "5f66b3c8-df64-450a-8ae2-214254aca32c",
                "sku": "AP45-US",
                "vc_mac": null
              },
              {
                "adopted": null,
                "connected": false,
                "created_time": 1695521846,
                "deviceprofile_id": null,
                "hostname": null,
                "hw_rev": "C02",
                "id": "00000000-0000-0000-1000-5c5b35529031",
                "jsi": false,
                "mac": "5c5b35529031",
                "magic": "HAYG2J95ARTLDE8",
                "model": "AP43",
                "modified_time": 1695679310,
                "name": "LD_Mist_SES_AP43-HF",
                "org_id": "9777c1a0-6ef6-11e6-8bbf-02e208b2d34f",
                "serial": "A075019070C1F",
                "site_id": "5f66b3c8-df64-450a-8ae2-214254aca32c",
                "sku": "AP43-US",
                "vc_mac": null
              },
              {
                "adopted": null,
                "connected": false,
                "created_time": 1696414204,
                "deviceprofile_id": null,
                "hostname": null,
                "hw_rev": "AA",
                "id": "00000000-0000-0000-1000-d420b083e32d",
                "jsi": false,
                "mac": "d420b083e32d",
                "magic": "EH25CZGC9EN2G52",
                "model": "AP33",
                "modified_time": 1696414205,
                "name": "MCM_AP_33_Nishant",
                "org_id": "9777c1a0-6ef6-11e6-8bbf-02e208b2d34f",
                "serial": "A11352002068B",
                "site_id": "978c48e6-6ef6-11e6-8bbf-02e208b2d34f",
                "sku": "AP33-WW",
                "vc_mac": null
              },
              {
                "adopted": null,
                "connected": false,
                "created_time": 1716925804,
                "deviceprofile_id": null,
                "hostname": null,
                "hw_rev": "03",
                "id": "00000000-0000-0000-1000-5433c60acd0a",
                "jsi": false,
                "mac": "5433c60acd0a",
                "magic": "95HR8JLTPX3XKW6",
                "model": "AP64",
                "modified_time": 1716925805,
                "name": "AP64-Demo",
                "org_id": "9777c1a0-6ef6-11e6-8bbf-02e208b2d34f",
                "serial": "A204723090022",
                "site_id": "abe3b357-fd9d-4af3-b76b-5ab740942289",
                "sku": "AP64-US",
                "vc_mac": null
              },
              {
                "adopted": null,
                "connected": false,
                "created_time": 1719271920,
                "deviceprofile_id": "1a198ed8-6186-425d-80cf-a0d062cf2323",
                "hostname": null,
                "hw_rev": "03",
                "id": "00000000-0000-0000-1000-5433c60acbd4",
                "jsi": false,
                "mac": "5433c60acbd4",
                "magic": "WYYTTD8B4MMAC5J",
                "model": "AP64",
                "modified_time": 1719271921,
                "name": "wan-srx_toronto_ap2_relay",
                "org_id": "9777c1a0-6ef6-11e6-8bbf-02e208b2d34f",
                "serial": "A204723090080",
                "site_id": "81e8deb4-b005-404e-8b07-b352b7686101",
                "sku": "AP64-WW",
                "vc_mac": null
              },
              {
                "adopted": null,
                "connected": false,
                "created_time": 1719432930,
                "deviceprofile_id": null,
                "hostname": "CPPM_TEST_JUNIPER",
                "hw_rev": "E",
                "id": "00000000-0000-0000-1000-ec7c5c6ca8b6",
                "jsi": false,
                "mac": "ec7c5c6ca8b6",
                "magic": "TAWZHMFVFY8F4XJ",
                "model": "EX3400-48P",
                "modified_time": 1719595355,
                "name": "CPPM_TEST_JUNIPER",
                "org_id": "9777c1a0-6ef6-11e6-8bbf-02e208b2d34f",
                "serial": "NY3622050533",
                "site_id": "6546cf6f-b640-43cc-927a-d7fcbbba1772",
                "sku": "EX3400-48P",
                "vc_mac": null
              },
              {
                "adopted": null,
                "connected": false,
                "created_time": 1720787984,
                "deviceprofile_id": null,
                "hostname": null,
                "hw_rev": "M",
                "id": "00000000-0000-0000-1000-78507cf57567",
                "jsi": false,
                "mac": "78507cf57567",
                "magic": "7WQP74XM23H8SPT",
                "model": "EX2300-C-12P",
                "modified_time": 1720787984,
                "name": null,
                "org_id": "9777c1a0-6ef6-11e6-8bbf-02e208b2d34f",
                "serial": "HV3620020008",
                "site_id": "81e8deb4-b005-404e-8b07-b352b7686101",
                "sku": "EX2300-C-12P",
                "vc_mac": null
              },
              {
                "adopted": null,
                "connected": true,
                "created_time": 1603907445,
                "deviceprofile_id": null,
                "hostname": "Scala-test",
                "hw_rev": "C",
                "id": "00000000-0000-0000-1000-c0bfa7011d94",
                "jsi": false,
                "mac": "c0bfa7011d94",
                "magic": "WJMM9X7867DK2VG",
                "model": "EX4400-48T",
                "modified_time": 1690177467,
                "name": "Scala-test",
                "org_id": "9777c1a0-6ef6-11e6-8bbf-02e208b2d34f",
                "serial": "YK4320030007",
                "site_id": "978c48e6-6ef6-11e6-8bbf-02e208b2d34f",
                "sku": "EX4400-48T",
                "vc_mac": null
              },
              {
                "adopted": null,
                "connected": true,
                "created_time": 1663256053,
                "deviceprofile_id": "53396580-9167-4852-b09c-7254b68995d0",
                "hostname": null,
                "hw_rev": "03",
                "id": "00000000-0000-0000-1000-ac2316fc037f",
                "jsi": false,
                "mac": "ac2316fc037f",
                "magic": "BF7Z7XG8LQTFWZ5",
                "model": "AP34",
                "modified_time": 1663256156,
                "name": "LD_APEng",
                "org_id": "9777c1a0-6ef6-11e6-8bbf-02e208b2d34f",
                "serial": "A18252202000F",
                "site_id": "978c48e6-6ef6-11e6-8bbf-02e208b2d34f",
                "sku": "AP34-US",
                "vc_mac": null
              },
              {
                "adopted": null,
                "connected": true,
                "created_time": 1663256053,
                "deviceprofile_id": "53396580-9167-4852-b09c-7254b68995d0",
                "hostname": null,
                "hw_rev": "03",
                "id": "00000000-0000-0000-1000-ac2316fc05e6",
                "jsi": false,
                "mac": "ac2316fc05e6",
                "magic": "H2A58E5LYGK4QMP",
                "model": "AP34",
                "modified_time": 1663256156,
                "name": "LD_MCB_AP",
                "org_id": "9777c1a0-6ef6-11e6-8bbf-02e208b2d34f",
                "serial": "A18252202008A",
                "site_id": "978c48e6-6ef6-11e6-8bbf-02e208b2d34f",
                "sku": "AP34-US",
                "vc_mac": null
              },
              {
                "adopted": null,
                "connected": true,
                "created_time": 1663256053,
                "deviceprofile_id": null,
                "hostname": null,
                "hw_rev": "D5",
                "id": "00000000-0000-0000-1000-5c5b353e4eca",
                "jsi": false,
                "mac": "5c5b353e4eca",
                "magic": "YP92FTVHB37X2ZH",
                "model": "AP41",
                "modified_time": 1663256275,
                "name": "LD_IDF_B_AP-3rd-Party-Switch",
                "org_id": "9777c1a0-6ef6-11e6-8bbf-02e208b2d34f",
                "serial": "1000418020443",
                "site_id": "978c48e6-6ef6-11e6-8bbf-02e208b2d34f",
                "sku": "AP41-US",
                "vc_mac": null
              },
              {
                "adopted": null,
                "connected": true,
                "created_time": 1663256054,
                "deviceprofile_id": "53396580-9167-4852-b09c-7254b68995d0",
                "hostname": null,
                "hw_rev": "02",
                "id": "00000000-0000-0000-1000-d420b0f1054b",
                "jsi": false,
                "mac": "d420b0f1054b",
                "magic": "EAJ2D8H486GC74W",
                "model": "AP45",
                "modified_time": 1663256958,
                "name": "LD_MHMD",
                "org_id": "9777c1a0-6ef6-11e6-8bbf-02e208b2d34f",
                "serial": "A1637210200E9",
                "site_id": "978c48e6-6ef6-11e6-8bbf-02e208b2d34f",
                "sku": "AP45-US",
                "vc_mac": null
              },
              {
                "adopted": null,
                "connected": true,
                "created_time": 1663256054,
                "deviceprofile_id": "53396580-9167-4852-b09c-7254b68995d0",
                "hostname": null,
                "hw_rev": "E06",
                "id": "00000000-0000-0000-1000-5c5b358e6fea",
                "jsi": false,
                "mac": "5c5b358e6fea",
                "magic": "KRQC47BLD6S6565",
                "model": "AP41",
                "modified_time": 1663256275,
                "name": "LD_Testbed_MD",
                "org_id": "9777c1a0-6ef6-11e6-8bbf-02e208b2d34f",
                "serial": "1003618020201",
                "site_id": "978c48e6-6ef6-11e6-8bbf-02e208b2d34f",
                "sku": "AP41-US",
                "vc_mac": null
              },
              {
                "adopted": null,
                "connected": true,
                "created_time": 1679491620,
                "deviceprofile_id": null,
                "hostname": "sdwan-westford",
                "hw_rev": "0005",
                "id": "00000000-0000-0000-1000-90ec77259cce",
                "jsi": false,
                "mac": "90ec77259cce",
                "magic": "4WMK4NSHFXSEE6W",
                "model": "SSR130",
                "modified_time": 1718717753,
                "name": "sdwan-westford",
                "org_id": "9777c1a0-6ef6-11e6-8bbf-02e208b2d34f",
                "serial": "2009220506",
                "site_id": "14f0fd91-8167-4db0-b024-7160a65c0e41",
                "sku": "SSR130",
                "vc_mac": null
              },
              {
                "adopted": null,
                "connected": true,
                "created_time": 1679953668,
                "deviceprofile_id": null,
                "hostname": "ld-cup-idf-d-desktop-22_demo",
                "hw_rev": "A",
                "id": "00000000-0000-0000-1000-a4e11ab95500",
                "jsi": false,
                "mac": "a4e11ab95500",
                "magic": "8EZ9Y7RNJSTGAT6",
                "model": "EX4100-F-12P",
                "modified_time": 1679953668,
                "name": "ld-cup-idf-d-desktop-22_demo",
                "org_id": "9777c1a0-6ef6-11e6-8bbf-02e208b2d34f",
                "serial": "FJ0223AV0068",
                "site_id": "978c48e6-6ef6-11e6-8bbf-02e208b2d34f",
                "sku": "EX4100-F-12P",
                "vc_mac": null
              },
              {
                "adopted": null,
                "connected": true,
                "created_time": 1683125110,
                "deviceprofile_id": "53396580-9167-4852-b09c-7254b68995d0",
                "hostname": null,
                "hw_rev": "AA",
                "id": "00000000-0000-0000-1000-a83a793018fb",
                "jsi": false,
                "mac": "a83a793018fb",
                "magic": "69JAXZKC7PFJERA",
                "model": "AP45",
                "modified_time": 1683125111,
                "name": "LD_RS_Support",
                "org_id": "9777c1a0-6ef6-11e6-8bbf-02e208b2d34f",
                "serial": "A1608230211FC",
                "site_id": "978c48e6-6ef6-11e6-8bbf-02e208b2d34f",
                "sku": "AP45-US",
                "vc_mac": null
              },
              {
                "adopted": null,
                "connected": true,
                "created_time": 1683125138,
                "deviceprofile_id": "53396580-9167-4852-b09c-7254b68995d0",
                "hostname": null,
                "hw_rev": "AA",
                "id": "00000000-0000-0000-1000-a83a79301a40",
                "jsi": false,
                "mac": "a83a79301a40",
                "magic": "8LPRAQNETYW2WBB",
                "model": "AP45",
                "modified_time": 1683125138,
                "name": "LD_Marvis",
                "org_id": "9777c1a0-6ef6-11e6-8bbf-02e208b2d34f",
                "serial": "A16082302123D",
                "site_id": "978c48e6-6ef6-11e6-8bbf-02e208b2d34f",
                "sku": "AP45-US",
                "vc_mac": null
              },
              {
                "adopted": null,
                "connected": true,
                "created_time": 1688673634,
                "deviceprofile_id": "7d2aec00-4caa-42cc-a4f0-7038b6318689",
                "hostname": null,
                "hw_rev": "AA",
                "id": "00000000-0000-0000-1000-003e7312cda2",
                "jsi": false,
                "mac": "003e7312cda2",
                "magic": "GBZCFZYMDC6X85Y",
                "model": "AP24",
                "modified_time": 1688685967,
                "name": "MC_AP24_RLB2",
                "org_id": "9777c1a0-6ef6-11e6-8bbf-02e208b2d34f",
                "serial": "A192123060020",
                "site_id": "978c48e6-6ef6-11e6-8bbf-02e208b2d34f",
                "sku": "AP24-WW",
                "vc_mac": null
              },
              {
                "adopted": null,
                "connected": true,
                "created_time": 1688682859,
                "deviceprofile_id": "7d2aec00-4caa-42cc-a4f0-7038b6318689",
                "hostname": null,
                "hw_rev": "03",
                "id": "00000000-0000-0000-1000-003e7307e5bd",
                "jsi": false,
                "mac": "003e7307e5bd",
                "magic": "SA93DL9FZ7LXFGF",
                "model": "AP24",
                "modified_time": 1688682859,
                "name": "MC_AP24_RLB1",
                "org_id": "9777c1a0-6ef6-11e6-8bbf-02e208b2d34f",
                "serial": "A19102306008E",
                "site_id": "978c48e6-6ef6-11e6-8bbf-02e208b2d34f",
                "sku": "AP24-US",
                "vc_mac": null
              },
              {
                "adopted": null,
                "connected": true,
                "created_time": 1690929278,
                "deviceprofile_id": "53396580-9167-4852-b09c-7254b68995d0",
                "hostname": null,
                "hw_rev": "03",
                "id": "00000000-0000-0000-1000-003e7307e446",
                "jsi": false,
                "mac": "003e7307e446",
                "magic": "DL2HMCKKPA3G8JC",
                "model": "AP24",
                "modified_time": 1690929279,
                "name": "LD_Kitchen",
                "org_id": "9777c1a0-6ef6-11e6-8bbf-02e208b2d34f",
                "serial": "A191023060043",
                "site_id": "978c48e6-6ef6-11e6-8bbf-02e208b2d34f",
                "sku": "AP24-US",
                "vc_mac": null
              },
              {
                "adopted": null,
                "connected": true,
                "created_time": 1690931046,
                "deviceprofile_id": null,
                "hostname": "ld-cup-idf-a-core",
                "hw_rev": "A",
                "id": "00000000-0000-0000-1000-60c78d93af0f",
                "jsi": false,
                "mac": "60c78d93af0f",
                "magic": "84289NGRKYQGFFM",
                "model": "EX4100-48MP",
                "modified_time": 1690931046,
                "name": "ld-cup-idf-a-core",
                "org_id": "9777c1a0-6ef6-11e6-8bbf-02e208b2d34f",
                "serial": "EY2523AN0521",
                "site_id": "978c48e6-6ef6-11e6-8bbf-02e208b2d34f",
                "sku": "EX4100-48MP",
                "vc_mac": null
              },
              {
                "adopted": null,
                "connected": true,
                "created_time": 1690932359,
                "deviceprofile_id": null,
                "hostname": "ld-cup-idf-bb",
                "hw_rev": "A",
                "id": "00000000-0000-0000-1000-60c78d939c0f",
                "jsi": false,
                "mac": "60c78d939c0f",
                "magic": "6V28NKAMTQZ95MC",
                "model": "EX4100-48MP",
                "modified_time": 1690932359,
                "name": "ld-cup-idf-bb",
                "org_id": "9777c1a0-6ef6-11e6-8bbf-02e208b2d34f",
                "serial": "EY2523AN0483",
                "site_id": "978c48e6-6ef6-11e6-8bbf-02e208b2d34f",
                "sku": "EX4100-48MP",
                "vc_mac": null
              },
              {
                "adopted": null,
                "connected": true,
                "created_time": 1692805518,
                "deviceprofile_id": "53396580-9167-4852-b09c-7254b68995d0",
                "hostname": null,
                "hw_rev": "03",
                "id": "00000000-0000-0000-1000-003e7307e3c9",
                "jsi": false,
                "mac": "003e7307e3c9",
                "magic": "GDE2T7F967D6FBR",
                "model": "AP24",
                "modified_time": 1692805518,
                "name": "LD_NewBobFriday",
                "org_id": "9777c1a0-6ef6-11e6-8bbf-02e208b2d34f",
                "serial": "A19102306002A",
                "site_id": "978c48e6-6ef6-11e6-8bbf-02e208b2d34f",
                "sku": "AP24-US",
                "vc_mac": null
              },
              {
                "adopted": null,
                "connected": true,
                "created_time": 1696265295,
                "deviceprofile_id": "53396580-9167-4852-b09c-7254b68995d0",
                "hostname": null,
                "hw_rev": "AA",
                "id": "00000000-0000-0000-1000-a83a7930190f",
                "jsi": false,
                "mac": "a83a7930190f",
                "magic": "K9RDHPWWM7RWG4F",
                "model": "AP45",
                "modified_time": 1696279778,
                "name": "LD_DataScience",
                "org_id": "9777c1a0-6ef6-11e6-8bbf-02e208b2d34f",
                "serial": "A160823021200",
                "site_id": "978c48e6-6ef6-11e6-8bbf-02e208b2d34f",
                "sku": "AP45-US",
                "vc_mac": null
              },
              {
                "adopted": null,
                "connected": true,
                "created_time": 1696265521,
                "deviceprofile_id": null,
                "hostname": "ld-cup-idf-d",
                "hw_rev": "A",
                "id": "00000000-0000-0000-1000-60c78d93988f",
                "jsi": false,
                "mac": "60c78d93988f",
                "magic": "B3ARXGEQCLHN3SR",
                "model": "EX4100-48MP",
                "modified_time": 1696265521,
                "name": "ld-cup-idf-d",
                "org_id": "9777c1a0-6ef6-11e6-8bbf-02e208b2d34f",
                "serial": "EY2523AN0476",
                "site_id": "978c48e6-6ef6-11e6-8bbf-02e208b2d34f",
                "sku": "EX4100-48MP",
                "vc_mac": null
              },
              {
                "adopted": null,
                "connected": true,
                "created_time": 1696265549,
                "deviceprofile_id": null,
                "hostname": "ld-cup-idf-c",
                "hw_rev": "A",
                "id": "00000000-0000-0000-1000-60c78d93b00f",
                "jsi": false,
                "mac": "60c78d93b00f",
                "magic": "5AS2FDFQYRE7PHN",
                "model": "EX4100-48MP",
                "modified_time": 1696265549,
                "name": "ld-cup-idf-c",
                "org_id": "9777c1a0-6ef6-11e6-8bbf-02e208b2d34f",
                "serial": "EY2523AN0523",
                "site_id": "978c48e6-6ef6-11e6-8bbf-02e208b2d34f",
                "sku": "EX4100-48MP",
                "vc_mac": null
              },
              {
                "adopted": null,
                "connected": true,
                "created_time": 1706286598,
                "deviceprofile_id": null,
                "hostname": null,
                "hw_rev": "F11",
                "id": "00000000-0000-0000-1000-d420b002d96f",
                "jsi": false,
                "mac": "d420b002d96f",
                "magic": "T8H2NGPL5N8DYDG",
                "model": "AP41",
                "modified_time": 1718734875,
                "name": "Westford-AP1",
                "org_id": "9777c1a0-6ef6-11e6-8bbf-02e208b2d34f",
                "serial": "A005019020303",
                "site_id": "14f0fd91-8167-4db0-b024-7160a65c0e41",
                "sku": "AP41-US",
                "vc_mac": null
              },
              {
                "adopted": null,
                "connected": true,
                "created_time": 1707439525,
                "deviceprofile_id": null,
                "hostname": null,
                "hw_rev": "AA",
                "id": "00000000-0000-0000-1000-a8f7d9817750",
                "jsi": false,
                "mac": "a8f7d9817750",
                "magic": "P5XBLAGJML2SPZ5",
                "model": "AP45",
                "modified_time": 1707439525,
                "name": "LD_Conf2",
                "org_id": "9777c1a0-6ef6-11e6-8bbf-02e208b2d34f",
                "serial": "A164522020228",
                "site_id": "978c48e6-6ef6-11e6-8bbf-02e208b2d34f",
                "sku": "AP45-WW",
                "vc_mac": null
              },
              {
                "adopted": null,
                "connected": true,
                "created_time": 1709934656,
                "deviceprofile_id": null,
                "hostname": null,
                "hw_rev": "A0",
                "id": "00000000-0000-0000-1000-5c5b351ec02b",
                "jsi": false,
                "mac": "5c5b351ec02b",
                "magic": "N53268M2YGHX23F",
                "model": "AP21",
                "modified_time": 1709940145,
                "name": "LD_Bad_cable_AP",
                "org_id": "9777c1a0-6ef6-11e6-8bbf-02e208b2d34f",
                "serial": "10203180304F1",
                "site_id": "978c48e6-6ef6-11e6-8bbf-02e208b2d34f",
                "sku": "AP21-US",
                "vc_mac": null
              },
              {
                "adopted": null,
                "connected": true,
                "created_time": 1711756533,
                "deviceprofile_id": "ab4c3f87-d0bf-4449-a311-b8e9445e6bb1",
                "hostname": "wan_srx_tor_hub1-srx",
                "hw_rev": "M",
                "id": "00000000-0000-0000-1000-e45d377a0dd2",
                "jsi": false,
                "mac": "e45d377a0dd2",
                "magic": "3PTGLH6R3EZE24P",
                "model": "SRX300",
                "modified_time": 1711756611,
                "name": "wan_srx_tor_hub1-srx",
                "org_id": "9777c1a0-6ef6-11e6-8bbf-02e208b2d34f",
                "serial": "CV0219AN0335",
                "site_id": "83c31971-ad70-4419-ae20-7f2b90748986",
                "sku": "SRX300",
                "vc_mac": "e45d377a0dd2"
              },
              {
                "adopted": null,
                "connected": true,
                "created_time": 1711761447,
                "deviceprofile_id": null,
                "hostname": "wan_srx_tor-hub1-switch1",
                "hw_rev": "M",
                "id": "00000000-0000-0000-1000-fc3342aba84b",
                "jsi": false,
                "mac": "fc3342aba84b",
                "magic": "DM74P9C9AAANTTS",
                "model": "EX3400-24T",
                "modified_time": 1711761509,
                "name": "wan_srx_tor-hub1-switch1",
                "org_id": "9777c1a0-6ef6-11e6-8bbf-02e208b2d34f",
                "serial": "NV3619050136",
                "site_id": "83c31971-ad70-4419-ae20-7f2b90748986",
                "sku": "EX3400-24T",
                "vc_mac": null
              },
              {
                "adopted": null,
                "connected": true,
                "created_time": 1711798991,
                "deviceprofile_id": "3ce3ea39-06be-4473-b3c5-86c4fe22acbf",
                "hostname": null,
                "hw_rev": "03",
                "id": "00000000-0000-0000-1000-5433c60acbcf",
                "jsi": false,
                "mac": "5433c60acbcf",
                "magic": "GR36NDKHA24ZPVJ",
                "model": "AP64",
                "modified_time": 1719254810,
                "name": "wan-srx_toronto_ap1_yard_base",
                "org_id": "9777c1a0-6ef6-11e6-8bbf-02e208b2d34f",
                "serial": "A20472309007F",
                "site_id": "81e8deb4-b005-404e-8b07-b352b7686101",
                "sku": "AP64-WW",
                "vc_mac": null
              },
              {
                "adopted": null,
                "connected": true,
                "created_time": 1711798991,
                "deviceprofile_id": null,
                "hostname": null,
                "hw_rev": "AA",
                "id": "00000000-0000-0000-1000-a8f7d9817412",
                "jsi": false,
                "mac": "a8f7d9817412",
                "magic": "NA88PD8B4L7WD66",
                "model": "AP45",
                "modified_time": 1719254768,
                "name": "sdwan_richmond_hill_ap1_office",
                "org_id": "9777c1a0-6ef6-11e6-8bbf-02e208b2d34f",
                "serial": "A164522020182",
                "site_id": "5d3eb59c-7fd9-4605-abc9-6e70a9290eaf",
                "sku": "AP45-WW",
                "vc_mac": null
              },
              {
                "adopted": null,
                "connected": true,
                "created_time": 1711799479,
                "deviceprofile_id": null,
                "hostname": "sdwan_richmond_hill_sw1-ex34-24vc-v1",
                "hw_rev": "M",
                "id": "00000000-0000-0000-1000-fc3342aba365",
                "jsi": false,
                "mac": "fc3342aba365",
                "magic": "QWY7KCVDHR2ZB97",
                "model": "EX3400-24T",
                "modified_time": 1718851331,
                "name": "sdwan_richmond_hill_sw1-ex34-24vc-v1",
                "org_id": "9777c1a0-6ef6-11e6-8bbf-02e208b2d34f",
                "serial": "NV3619050114",
                "site_id": "5d3eb59c-7fd9-4605-abc9-6e70a9290eaf",
                "sku": "EX3400-24T",
                "vc_mac": "fc3342aba365"
              },
              {
                "adopted": null,
                "connected": true,
                "created_time": 1711986560,
                "deviceprofile_id": null,
                "hostname": null,
                "hw_rev": "AA",
                "id": "00000000-0000-0000-1000-a8f7d981700c",
                "jsi": false,
                "mac": "a8f7d981700c",
                "magic": "ELWAGRDN48QJG25",
                "model": "AP45",
                "modified_time": 1720194554,
                "name": "wan-srx_campus_site_ap1_mdf",
                "org_id": "9777c1a0-6ef6-11e6-8bbf-02e208b2d34f",
                "serial": "A1645220200B4",
                "site_id": "83c31971-ad70-4419-ae20-7f2b90748986",
                "sku": "AP45-WW",
                "vc_mac": null
              },
              {
                "adopted": null,
                "connected": true,
                "created_time": 1713816965,
                "deviceprofile_id": null,
                "hostname": "wan-srx_toronto_sw1_41_24mp_v1",
                "hw_rev": "A",
                "id": "00000000-0000-0000-1000-bc0ffefb1c44",
                "jsi": false,
                "mac": "bc0ffefb1c44",
                "magic": "2C7W9FEE4B7VH2T",
                "model": "EX4100-24MP",
                "modified_time": 1718933397,
                "name": "wan-srx_toronto_sw1_41_24mp_v1",
                "org_id": "9777c1a0-6ef6-11e6-8bbf-02e208b2d34f",
                "serial": "EZ3723AN0137",
                "site_id": "81e8deb4-b005-404e-8b07-b352b7686101",
                "sku": "EX4100-24MP",
                "vc_mac": null
              },
              {
                "adopted": null,
                "connected": true,
                "created_time": 1715023755,
                "deviceprofile_id": null,
                "hostname": null,
                "hw_rev": "BC",
                "id": "00000000-0000-0000-1000-ac2316013788",
                "jsi": false,
                "mac": "ac2316013788",
                "magic": "AHG8QNVD9Z2BWGF",
                "model": "AP12",
                "modified_time": 1715023756,
                "name": "sdwan_teleworker-1",
                "org_id": "9777c1a0-6ef6-11e6-8bbf-02e208b2d34f",
                "serial": "A1514220200D3",
                "site_id": "c3ecfc8c-479b-45fd-a974-e68806735fcc",
                "sku": "AP12-WW",
                "vc_mac": null
              },
              {
                "adopted": null,
                "connected": true,
                "created_time": 1718227362,
                "deviceprofile_id": null,
                "hostname": null,
                "hw_rev": "C02",
                "id": "00000000-0000-0000-1000-5c5b35d0077b",
                "jsi": false,
                "mac": "5c5b35d0077b",
                "magic": "AVCRAHEB9H9DJ5T",
                "model": "AP43",
                "modified_time": 1718228350,
                "name": "Phoenix",
                "org_id": "9777c1a0-6ef6-11e6-8bbf-02e208b2d34f",
                "serial": "A0703200709E6",
                "site_id": "46fc665e-9706-4296-8fe2-78f42f2e67e4",
                "sku": "AP43-US",
                "vc_mac": null
              },
              {
                "adopted": null,
                "connected": true,
                "created_time": 1718755134,
                "deviceprofile_id": null,
                "hostname": "fc334262f980",
                "hw_rev": "M",
                "id": "00000000-0000-0000-1000-fc334262f980",
                "jsi": false,
                "mac": "fc334262f980",
                "magic": "C8JHR8Z5YEKG5WG",
                "model": "SRX320",
                "modified_time": 1718755134,
                "name": "fc334262f980",
                "org_id": "9777c1a0-6ef6-11e6-8bbf-02e208b2d34f",
                "serial": "CW1419AN0800",
                "site_id": "abe3b357-fd9d-4af3-b76b-5ab740942289",
                "sku": "SRX320",
                "vc_mac": null
              },
              {
                "adopted": null,
                "connected": true,
                "created_time": 1718802432,
                "deviceprofile_id": null,
                "hostname": "sdwan_richmond_hill_ssr_v0",
                "hw_rev": "0005",
                "id": "00000000-0000-0000-1000-90ec7759a516",
                "jsi": false,
                "mac": "90ec7759a516",
                "magic": "P897YFEN4LP9DLV",
                "model": "SSR120",
                "modified_time": 1718803204,
                "name": "sdwan_richmond_hill_ssr_v0",
                "org_id": "9777c1a0-6ef6-11e6-8bbf-02e208b2d34f",
                "serial": "2004231009",
                "site_id": "5d3eb59c-7fd9-4605-abc9-6e70a9290eaf",
                "sku": "SSR120",
                "vc_mac": null
              },
              {
                "adopted": null,
                "connected": true,
                "created_time": 1718805082,
                "deviceprofile_id": null,
                "hostname": "sdwan_richmond_hill_sw3_ex41_24mp-v0",
                "hw_rev": "A",
                "id": "00000000-0000-0000-1000-bc0ffefb6644",
                "jsi": false,
                "mac": "bc0ffefb6644",
                "magic": "QQSECYDV2NAG2GD",
                "model": "EX4100-24MP",
                "modified_time": 1718805082,
                "name": "sdwan_richmond_hill_sw3_ex41_24mp-v0",
                "org_id": "9777c1a0-6ef6-11e6-8bbf-02e208b2d34f",
                "serial": "EZ3723AN0285",
                "site_id": "5d3eb59c-7fd9-4605-abc9-6e70a9290eaf",
                "sku": "EX4100-24MP",
                "vc_mac": null
              },
              {
                "adopted": null,
                "connected": true,
                "created_time": 1718851176,
                "deviceprofile_id": null,
                "hostname": "wan_srx_toronto_sw2_ex23_12p_electrical_room",
                "hw_rev": "M",
                "id": "00000000-0000-0000-1000-1039e9dde9bb",
                "jsi": false,
                "mac": "1039e9dde9bb",
                "magic": "DLB89Q7YN5D9GLV",
                "model": "EX2300-C-12P",
                "modified_time": 1719258169,
                "name": "wan_srx_toronto_sw2_ex23_12p_electrical_room",
                "org_id": "9777c1a0-6ef6-11e6-8bbf-02e208b2d34f",
                "serial": "HV3619510345",
                "site_id": "81e8deb4-b005-404e-8b07-b352b7686101",
                "sku": "EX2300-C-12P",
                "vc_mac": null
              },
              {
                "adopted": null,
                "connected": true,
                "created_time": 1718915290,
                "deviceprofile_id": null,
                "hostname": "wan_srx_tor-spoke1-srx",
                "hw_rev": "D",
                "id": "00000000-0000-0000-1000-4c6d5832a296",
                "jsi": false,
                "mac": "4c6d5832a296",
                "magic": "4WKZ2G629S7FB6M",
                "model": "SRX320",
                "modified_time": 1718915290,
                "name": "wan_srx_tor-spoke1-srx",
                "org_id": "9777c1a0-6ef6-11e6-8bbf-02e208b2d34f",
                "serial": "CW3920AN0190",
                "site_id": "81e8deb4-b005-404e-8b07-b352b7686101",
                "sku": "SRX320",
                "vc_mac": null
              },
              {
                "adopted": null,
                "connected": true,
                "created_time": 1718990374,
                "deviceprofile_id": null,
                "hostname": "sdwan-westford-switch",
                "hw_rev": "A",
                "id": "00000000-0000-0000-1000-544b8c1c72f7",
                "jsi": false,
                "mac": "544b8c1c72f7",
                "magic": "FGHGTTLGXYGF8WG",
                "model": "EX2300-24MP",
                "modified_time": 1718990433,
                "name": "sdwan-westford-switch",
                "org_id": "9777c1a0-6ef6-11e6-8bbf-02e208b2d34f",
                "serial": "XN3121110115",
                "site_id": "14f0fd91-8167-4db0-b024-7160a65c0e41",
                "sku": "EX2300-24MP",
                "vc_mac": null
              },
              {
                "adopted": null,
                "connected": true,
                "created_time": 1719357100,
                "deviceprofile_id": null,
                "hostname": null,
                "hw_rev": "02",
                "id": "00000000-0000-0000-1000-a8537d8a7585",
                "jsi": false,
                "mac": "a8537d8a7585",
                "magic": "T67FTGNQ8NGJG2M",
                "model": "AP24",
                "modified_time": 1719357100,
                "name": null,
                "org_id": "9777c1a0-6ef6-11e6-8bbf-02e208b2d34f",
                "serial": "A194522060063",
                "site_id": "abe3b357-fd9d-4af3-b76b-5ab740942289",
                "sku": "AP24-US",
                "vc_mac": null
              },
              {
                "adopted": null,
                "connected": true,
                "created_time": 1720556994,
                "deviceprofile_id": null,
                "hostname": "ACCESS2",
                "hw_rev": "C",
                "id": "00000000-0000-0000-1000-c0bfa7017894",
                "jsi": false,
                "mac": "c0bfa7017894",
                "magic": "QME6Z3ZKVRXJGQT",
                "model": "EX4400-24P",
                "modified_time": 1720556995,
                "name": "ACCESS2",
                "org_id": "9777c1a0-6ef6-11e6-8bbf-02e208b2d34f",
                "serial": "ZE4320270007",
                "site_id": "abe3b357-fd9d-4af3-b76b-5ab740942289",
                "sku": "EX4400-24P",
                "vc_mac": null
              },
              {
                "adopted": null,
                "connected": true,
                "created_time": 1720557121,
                "deviceprofile_id": null,
                "hostname": "ACCESS1",
                "hw_rev": "C",
                "id": "00000000-0000-0000-1000-c0bfa70222a0",
                "jsi": false,
                "mac": "c0bfa70222a0",
                "magic": "BXPA3WGT5VHRRJK",
                "model": "EX4400-48P",
                "modified_time": 1720557121,
                "name": "ACCESS1",
                "org_id": "9777c1a0-6ef6-11e6-8bbf-02e208b2d34f",
                "serial": "ZD4320450054",
                "site_id": "abe3b357-fd9d-4af3-b76b-5ab740942289",
                "sku": "EX4400-48P",
                "vc_mac": null
              },
              {
                "adopted": null,
                "connected": true,
                "created_time": 1720566567,
                "deviceprofile_id": null,
                "hostname": "CORE2",
                "hw_rev": "M",
                "id": "00000000-0000-0000-1000-c0bfa701fda0",
                "jsi": false,
                "mac": "c0bfa701fda0",
                "magic": "BPDNDHS66QX824G",
                "model": "EX4400-24MP",
                "modified_time": 1720566567,
                "name": "CORE2",
                "org_id": "9777c1a0-6ef6-11e6-8bbf-02e208b2d34f",
                "serial": "ZG4320440040",
                "site_id": "abe3b357-fd9d-4af3-b76b-5ab740942289",
                "sku": "EX4400-24MP",
                "vc_mac": null
              },
              {
                "adopted": null,
                "connected": true,
                "created_time": 1720566615,
                "deviceprofile_id": null,
                "hostname": "CORE1",
                "hw_rev": "M",
                "id": "00000000-0000-0000-1000-c0bfa701fe20",
                "jsi": false,
                "mac": "c0bfa701fe20",
                "magic": "BAEHTNDPWBZ949T",
                "model": "EX4400-24MP",
                "modified_time": 1720566615,
                "name": "CORE1",
                "org_id": "9777c1a0-6ef6-11e6-8bbf-02e208b2d34f",
                "serial": "ZG4320440041",
                "site_id": "abe3b357-fd9d-4af3-b76b-5ab740942289",
                "sku": "EX4400-24MP",
                "vc_mac": null
              },
              {
                "adopted": null,
                "connected": true,
                "created_time": 1720727389,
                "deviceprofile_id": null,
                "hostname": null,
                "hw_rev": "M",
                "id": "00000000-0000-0000-1000-fc3342ab955e",
                "jsi": false,
                "mac": "fc3342ab955e",
                "magic": "7C66EETQFSBF92R",
                "model": "EX3400-24T",
                "modified_time": 1720727389,
                "name": "fc3342ab955e",
                "org_id": "9777c1a0-6ef6-11e6-8bbf-02e208b2d34f",
                "serial": "NV3619050051",
                "site_id": "5d3eb59c-7fd9-4605-abc9-6e70a9290eaf",
                "sku": "EX3400-24T",
                "vc_mac": null
              },
              {
                "adopted": null,
                "connected": null,
                "created_time": 1683841223,
                "deviceprofile_id": null,
                "hostname": null,
                "hw_rev": "004",
                "id": "00000000-0000-0000-1000-5c5b355008ac",
                "jsi": false,
                "mac": "5c5b355008ac",
                "magic": "AKB3VKRHCKNZ57Q",
                "model": "AP43",
                "modified_time": 1683841223,
                "name": null,
                "org_id": "9777c1a0-6ef6-11e6-8bbf-02e208b2d34f",
                "serial": "A0708190600B0",
                "site_id": null,
                "sku": "AP43-US",
                "vc_mac": null
              },
              {
                "adopted": null,
                "connected": null,
                "created_time": 1711798991,
                "deviceprofile_id": null,
                "hostname": null,
                "hw_rev": "AA",
                "id": "00000000-0000-0000-1000-a8f7d9354bd9",
                "jsi": false,
                "mac": "a8f7d9354bd9",
                "magic": "2KS9H84PWT32A29",
                "model": "AP45",
                "modified_time": 1718812987,
                "name": null,
                "org_id": "9777c1a0-6ef6-11e6-8bbf-02e208b2d34f",
                "serial": "A1635220207E6",
                "site_id": null,
                "sku": "AP45-WW",
                "vc_mac": null
              },
              {
                "adopted": null,
                "connected": null,
                "created_time": 1715626775,
                "deviceprofile_id": null,
                "hostname": null,
                "hw_rev": "C02",
                "id": "00000000-0000-0000-1000-5c5b35d01798",
                "jsi": false,
                "mac": "5c5b35d01798",
                "magic": "BWWGZHY57CVGSP4",
                "model": "AP43",
                "modified_time": 1715626775,
                "name": null,
                "org_id": "9777c1a0-6ef6-11e6-8bbf-02e208b2d34f",
                "serial": "A070320070D1F",
                "site_id": null,
                "sku": "AP43-US",
                "vc_mac": null
              }
            ],
            "serial": null,
            "site_id": null,
            "unassigned": null,
            "vc": null,
            "vc_mac": null
          },
          "sensitive_attributes": []
        }
      ]
    },
    {
      "mode": "managed",
      "type": "mist_org",
      "name": "terraform_test",
      "provider": "provider[\"registry.terraform.io/juniper/mist\"]",
      "instances": [
        {
          "schema_version": 0,
          "attributes": {
            "alarmtemplate_id": null,
            "allow_mist": true,
            "id": "992bf4b9-c900-4850-9992-107b2f9df928",
            "msp_id": null,
            "msp_logo_url": null,
            "msp_name": null,
            "name": "Terraform Testing",
            "orggroup_ids": [],
            "session_expiry": 1440
          },
          "sensitive_attributes": []
        }
      ]
    }
  ],
  "check_results": null
}
