{
  "version": 4,
  "terraform_version": "1.9.2",
  "serial": 1386,
  "lineage": "20532229-881e-4371-f1fd-11d081e97e25",
  "outputs": {},
  "resources": [
    {
      "mode": "data",
      "type": "mist_device_switch_stats",
      "name": "example2",
      "provider": "provider[\"registry.terraform.io/juniper/mist\"]",
      "instances": [
        {
          "schema_version": 0,
          "attributes": {
            "device_switch_stats": [
              {
                "ap_redundancy": {
                  "modules": null,
                  "num_aps": 1,
                  "num_aps_with_switch_redundancy": 0
                },
                "arp_table_stats": {
                  "arp_table_count": 1,
                  "max_entries_supported": 1500
                },
                "cert_expiry": 1750794172,
                "clients": [
                  {
                    "device_mac": "1039e9dde9bb",
                    "hostname": null,
                    "mac": "bc0ffefb1c44",
                    "port_id": "ge-0/0/0"
                  },
                  {
                    "device_mac": "1039e9dde9bb",
                    "hostname": null,
                    "mac": "a8f7d981751b",
                    "port_id": "ge-0/0/10"
                  },
                  {
                    "device_mac": "1039e9dde9bb",
                    "hostname": null,
                    "mac": "00407f70d2fb",
                    "port_id": "ge-0/0/9"
                  },
                  {
                    "device_mac": "1039e9dde9bb",
                    "hostname": null,
                    "mac": "5433c60acbcf",
                    "port_id": "ge-0/0/4"
                  }
                ],
                "clients_stats": {
                  "total": {
                    "num_aps": [
                      1
                    ],
                    "num_wired_clients": 4
                  }
                },
                "config_status": "NO_CHANGE",
                "cpu_stat": {
                  "idle": 71,
                  "interrupt": 2,
                  "load_avg": [
                    1.01,
                    1.55,
                    1.51
                  ],
                  "system": 7,
                  "user": 20
                },
                "created_time": 1719258169,
                "deviceprofile_id": null,
                "dhcpd_stat": {},
                "evpntopo_id": null,
                "fw_versions_outofsync": false,
                "fwupdate": {
                  "progress": 100,
                  "status": "success",
                  "status_id": 3037,
                  "timestamp": 1719414575.4253604,
                  "will_retry": false
                },
                "has_pcap": true,
                "hostname": "wan_srx_toronto_sw2_ex23_12p_electrical_room",
                "hw_rev": "M",
                "id": "00000000-0000-0000-1000-1039e9dde9bb",
                "if_stat": {
                  "ge-0/0/0.0": {
                    "address_mode": null,
                    "ips": null,
                    "nat_addresses": null,
                    "network_name": null,
                    "port_id": "ge-0/0/0",
                    "port_usage": null,
                    "redundancy_state": null,
                    "rx_bytes": 0,
                    "rx_pkts": 127587,
                    "servp_info": null,
                    "tx_bytes": 0,
                    "tx_pkts": 126805,
                    "up": true,
                    "vlan": null,
                    "wan_name": null,
                    "wan_type": null
                  },
                  "ge-0/0/1.0": {
                    "address_mode": null,
                    "ips": null,
                    "nat_addresses": null,
                    "network_name": null,
                    "port_id": "ge-0/0/1",
                    "port_usage": null,
                    "redundancy_state": null,
                    "rx_bytes": 0,
                    "rx_pkts": 0,
                    "servp_info": null,
                    "tx_bytes": 0,
                    "tx_pkts": 0,
                    "up": true,
                    "vlan": null,
                    "wan_name": null,
                    "wan_type": null
                  },
                  "ge-0/0/10.0": {
                    "address_mode": null,
                    "ips": null,
                    "nat_addresses": null,
                    "network_name": null,
                    "port_id": "ge-0/0/10",
                    "port_usage": null,
                    "redundancy_state": null,
                    "rx_bytes": 0,
                    "rx_pkts": 8295,
                    "servp_info": null,
                    "tx_bytes": 0,
                    "tx_pkts": 7820,
                    "up": true,
                    "vlan": null,
                    "wan_name": null,
                    "wan_type": null
                  },
                  "ge-0/0/11.0": {
                    "address_mode": null,
                    "ips": null,
                    "nat_addresses": null,
                    "network_name": null,
                    "port_id": "ge-0/0/11",
                    "port_usage": null,
                    "redundancy_state": null,
                    "rx_bytes": 0,
                    "rx_pkts": 0,
                    "servp_info": null,
                    "tx_bytes": 0,
                    "tx_pkts": 0,
                    "up": true,
                    "vlan": null,
                    "wan_name": null,
                    "wan_type": null
                  },
                  "ge-0/0/2.0": {
                    "address_mode": null,
                    "ips": null,
                    "nat_addresses": null,
                    "network_name": null,
                    "port_id": "ge-0/0/2",
                    "port_usage": null,
                    "redundancy_state": null,
                    "rx_bytes": 0,
                    "rx_pkts": 0,
                    "servp_info": null,
                    "tx_bytes": 0,
                    "tx_pkts": 0,
                    "up": true,
                    "vlan": null,
                    "wan_name": null,
                    "wan_type": null
                  },
                  "ge-0/0/3.0": {
                    "address_mode": null,
                    "ips": null,
                    "nat_addresses": null,
                    "network_name": null,
                    "port_id": "ge-0/0/3",
                    "port_usage": null,
                    "redundancy_state": null,
                    "rx_bytes": 0,
                    "rx_pkts": 0,
                    "servp_info": null,
                    "tx_bytes": 0,
                    "tx_pkts": 0,
                    "up": true,
                    "vlan": null,
                    "wan_name": null,
                    "wan_type": null
                  },
                  "ge-0/0/4.0": {
                    "address_mode": null,
                    "ips": null,
                    "nat_addresses": null,
                    "network_name": null,
                    "port_id": "ge-0/0/4",
                    "port_usage": null,
                    "redundancy_state": null,
                    "rx_bytes": 0,
                    "rx_pkts": 15247,
                    "servp_info": null,
                    "tx_bytes": 0,
                    "tx_pkts": 8489,
                    "up": true,
                    "vlan": null,
                    "wan_name": null,
                    "wan_type": null
                  },
                  "ge-0/0/5.0": {
                    "address_mode": null,
                    "ips": null,
                    "nat_addresses": null,
                    "network_name": null,
                    "port_id": "ge-0/0/5",
                    "port_usage": null,
                    "redundancy_state": null,
                    "rx_bytes": 0,
                    "rx_pkts": 0,
                    "servp_info": null,
                    "tx_bytes": 0,
                    "tx_pkts": 0,
                    "up": true,
                    "vlan": null,
                    "wan_name": null,
                    "wan_type": null
                  },
                  "ge-0/0/6.0": {
                    "address_mode": null,
                    "ips": null,
                    "nat_addresses": null,
                    "network_name": null,
                    "port_id": "ge-0/0/6",
                    "port_usage": null,
                    "redundancy_state": null,
                    "rx_bytes": 0,
                    "rx_pkts": 0,
                    "servp_info": null,
                    "tx_bytes": 0,
                    "tx_pkts": 0,
                    "up": true,
                    "vlan": null,
                    "wan_name": null,
                    "wan_type": null
                  },
                  "ge-0/0/7.0": {
                    "address_mode": null,
                    "ips": null,
                    "nat_addresses": null,
                    "network_name": null,
                    "port_id": "ge-0/0/7",
                    "port_usage": null,
                    "redundancy_state": null,
                    "rx_bytes": 0,
                    "rx_pkts": 0,
                    "servp_info": null,
                    "tx_bytes": 0,
                    "tx_pkts": 0,
                    "up": true,
                    "vlan": null,
                    "wan_name": null,
                    "wan_type": null
                  },
                  "ge-0/0/8.0": {
                    "address_mode": null,
                    "ips": null,
                    "nat_addresses": null,
                    "network_name": null,
                    "port_id": "ge-0/0/8",
                    "port_usage": null,
                    "redundancy_state": null,
                    "rx_bytes": 0,
                    "rx_pkts": 0,
                    "servp_info": null,
                    "tx_bytes": 0,
                    "tx_pkts": 0,
                    "up": true,
                    "vlan": null,
                    "wan_name": null,
                    "wan_type": null
                  },
                  "ge-0/0/9.0": {
                    "address_mode": null,
                    "ips": null,
                    "nat_addresses": null,
                    "network_name": null,
                    "port_id": "ge-0/0/9",
                    "port_usage": null,
                    "redundancy_state": null,
                    "rx_bytes": 0,
                    "rx_pkts": 0,
                    "servp_info": null,
                    "tx_bytes": 0,
                    "tx_pkts": 9842,
                    "up": true,
                    "vlan": null,
                    "wan_name": null,
                    "wan_type": null
                  },
                  "irb.0": {
                    "address_mode": null,
                    "ips": [
                      "10.1.1.103/24"
                    ],
                    "nat_addresses": null,
                    "network_name": null,
                    "port_id": "irb",
                    "port_usage": null,
                    "redundancy_state": null,
                    "rx_bytes": 0,
                    "rx_pkts": 73902,
                    "servp_info": {
                      "asn": null,
                      "city": null,
                      "country_code": null,
                      "latitude": null,
                      "longitude": null,
                      "org": null,
                      "region_code": null
                    },
                    "tx_bytes": 0,
                    "tx_pkts": 119003,
                    "up": true,
                    "vlan": 1,
                    "wan_name": null,
                    "wan_type": null
                  },
                  "lo0.16385": {
                    "address_mode": null,
                    "ips": null,
                    "nat_addresses": null,
                    "network_name": null,
                    "port_id": "lo0",
                    "port_usage": null,
                    "redundancy_state": null,
                    "rx_bytes": 0,
                    "rx_pkts": 12419512,
                    "servp_info": null,
                    "tx_bytes": 0,
                    "tx_pkts": 12419512,
                    "up": true,
                    "vlan": null,
                    "wan_name": null,
                    "wan_type": null
                  },
                  "me0.0": {
                    "address_mode": null,
                    "ips": null,
                    "nat_addresses": null,
                    "network_name": null,
                    "port_id": "me0",
                    "port_usage": null,
                    "redundancy_state": null,
                    "rx_bytes": 0,
                    "rx_pkts": 0,
                    "servp_info": null,
                    "tx_bytes": 0,
                    "tx_pkts": 0,
                    "up": true,
                    "vlan": null,
                    "wan_name": null,
                    "wan_type": null
                  },
                  "vme.0": {
                    "address_mode": null,
                    "ips": null,
                    "nat_addresses": null,
                    "network_name": null,
                    "port_id": "vme",
                    "port_usage": null,
                    "redundancy_state": null,
                    "rx_bytes": 0,
                    "rx_pkts": 0,
                    "servp_info": null,
                    "tx_bytes": 0,
                    "tx_pkts": 0,
                    "up": true,
                    "vlan": null,
                    "wan_name": null,
                    "wan_type": null
                  }
                },
                "ip": "10.1.1.103",
                "ip_stat": {
                  "dhcp_server": null,
                  "dns": null,
                  "dns_suffix": null,
                  "gateway": "10.1.1.1",
                  "gateway6": null,
                  "ip": "10.1.1.103",
                  "ip6": null,
                  "ips": {
                    "vlan1": "10.1.1.103"
                  },
                  "netmask": "255.255.255.255",
                  "netmask6": null
                },
                "last_seen": 1720867912,
                "last_trouble": {
                  "code": "104",
                  "timestamp": 1720843659537
                },
                "mac": "1039e9dde9bb",
                "mac_table_stats": {
                  "mac_table_count": 10,
                  "max_mac_entries_supported": 16000
                },
                "map_id": null,
                "memory_stat": {
                  "usage": 15
                },
                "model": "EX2300-C-12P",
                "modified_time": 1719418082,
                "module_stat": [
                  {
                    "backup_version": "",
                    "bios_version": "",
                    "cpld_version": "",
                    "errors": null,
                    "fans": [],
                    "fpc_idx": 0,
                    "fpga_version": "",
                    "last_seen": null,
                    "model": "EX2300-C-12P",
                    "optics_cpld_version": "",
                    "pending_version": "",
                    "pics": [
                      {
                        "index": 0,
                        "model_number": "EX2300-C-12P",
                        "port_groups": [
                          {
                            "count": 12,
                            "type": "GE"
                          }
                        ]
                      },
                      {
                        "index": 1,
                        "model_number": "EX2300-C-12P",
                        "port_groups": [
                          {
                            "count": 2,
                            "type": "SFP/SFP+"
                          }
                        ]
                      }
                    ],
                    "poe": {
                      "max_power": 124,
                      "power_draw": 16
                    },
                    "poe_version": "",
                    "power_cpld_version": "",
                    "psus": [
                      {
                        "name": "Power Supply 0",
                        "status": "ok"
                      }
                    ],
                    "re_fpga_version": "",
                    "recovery_version": "22.4R3-S2.11",
                    "serial": "HV3619510345",
                    "status": null,
                    "temperatures": [
                      {
                        "celsius": 36,
                        "name": "CPU Sensor",
                        "status": "ok"
                      },
                      {
                        "celsius": 38,
                        "name": "PSU Sensor",
                        "status": "ok"
                      }
                    ],
                    "tmc_fpga_version": "",
                    "uboot_version": "",
                    "uptime": 216900,
                    "vc_links": [],
                    "vc_mode": "HiGiG",
                    "vc_role": "master",
                    "vc_state": "present",
                    "version": "22.4R3-S2.11"
                  }
                ],
                "name": "wan_srx_toronto_sw2_ex23_12p_electrical_room",
                "org_id": "9777c1a0-6ef6-11e6-8bbf-02e208b2d34f",
                "route_summary_stats": {
                  "fib_routes": 2,
                  "max_unicast_routes_supported": 4096,
                  "rib_routes": 14,
                  "total_routes": 3
                },
                "serial": "HV3619510345",
                "service_stat": {},
                "site_id": "81e8deb4-b005-404e-8b07-b352b7686101",
                "status": "connected",
                "uptime": 216870,
                "vc_mac": null,
                "vc_setup_info": {
                  "config_type": "nonprovisioned",
                  "err_missing_dev_id_fpc": false
                },
                "version": "22.4R3-S2.11"
              },
              {
                "ap_redundancy": {
                  "modules": null,
                  "num_aps": 1,
                  "num_aps_with_switch_redundancy": 0
                },
                "arp_table_stats": {
                  "arp_table_count": 1,
                  "max_entries_supported": 32000
                },
                "cert_expiry": 1750341478,
                "clients": [
                  {
                    "device_mac": "bc0ffefb6644",
                    "hostname": null,
                    "mac": "e0a700086019",
                    "port_id": "ge-0/0/9"
                  },
                  {
                    "device_mac": "bc0ffefb6644",
                    "hostname": null,
                    "mac": "a8f7d9817412",
                    "port_id": "mge-0/0/6"
                  },
                  {
                    "device_mac": "bc0ffefb6644",
                    "hostname": null,
                    "mac": "7467f79a513d",
                    "port_id": "mge-0/0/5"
                  },
                  {
                    "device_mac": "bc0ffefb6644",
                    "hostname": null,
                    "mac": "fc3342aba9a1",
                    "port_id": "ge-0/0/22"
                  },
                  {
                    "device_mac": "bc0ffefb6644",
                    "hostname": null,
                    "mac": "90ec7759a519",
                    "port_id": "ge-0/0/23"
                  }
                ],
                "clients_stats": {
                  "total": {
                    "num_aps": [
                      1
                    ],
                    "num_wired_clients": 5
                  }
                },
                "config_status": "COMMITED",
                "cpu_stat": {
                  "idle": 80,
                  "interrupt": 0,
                  "load_avg": [
                    0.56,
                    0.55,
                    0.56
                  ],
                  "system": 8,
                  "user": 13
                },
                "created_time": 1718805082,
                "deviceprofile_id": null,
                "dhcpd_stat": {},
                "evpntopo_id": null,
                "fw_versions_outofsync": false,
                "fwupdate": {
                  "progress": 100,
                  "status": "success",
                  "status_id": 3037,
                  "timestamp": 1719412262.1340573,
                  "will_retry": false
                },
                "has_pcap": false,
                "hostname": "sdwan_richmond_hill_sw3_ex41_24mp-v0",
                "hw_rev": "A",
                "id": "00000000-0000-0000-1000-bc0ffefb6644",
                "if_stat": {
                  "ge-0/0/10.0": {
                    "address_mode": null,
                    "ips": null,
                    "nat_addresses": null,
                    "network_name": null,
                    "port_id": "ge-0/0/10",
                    "port_usage": null,
                    "redundancy_state": null,
                    "rx_bytes": 0,
                    "rx_pkts": 0,
                    "servp_info": null,
                    "tx_bytes": 0,
                    "tx_pkts": 0,
                    "up": false,
                    "vlan": null,
                    "wan_name": null,
                    "wan_type": null
                  },
                  "ge-0/0/11.0": {
                    "address_mode": null,
                    "ips": null,
                    "nat_addresses": null,
                    "network_name": null,
                    "port_id": "ge-0/0/11",
                    "port_usage": null,
                    "redundancy_state": null,
                    "rx_bytes": 0,
                    "rx_pkts": 0,
                    "servp_info": null,
                    "tx_bytes": 0,
                    "tx_pkts": 0,
                    "up": false,
                    "vlan": null,
                    "wan_name": null,
                    "wan_type": null
                  },
                  "ge-0/0/12.0": {
                    "address_mode": null,
                    "ips": null,
                    "nat_addresses": null,
                    "network_name": null,
                    "port_id": "ge-0/0/12",
                    "port_usage": null,
                    "redundancy_state": null,
                    "rx_bytes": 0,
                    "rx_pkts": 0,
                    "servp_info": null,
                    "tx_bytes": 0,
                    "tx_pkts": 0,
                    "up": false,
                    "vlan": null,
                    "wan_name": null,
                    "wan_type": null
                  },
                  "ge-0/0/13.0": {
                    "address_mode": null,
                    "ips": null,
                    "nat_addresses": null,
                    "network_name": null,
                    "port_id": "ge-0/0/13",
                    "port_usage": null,
                    "redundancy_state": null,
                    "rx_bytes": 0,
                    "rx_pkts": 0,
                    "servp_info": null,
                    "tx_bytes": 0,
                    "tx_pkts": 0,
                    "up": false,
                    "vlan": null,
                    "wan_name": null,
                    "wan_type": null
                  },
                  "ge-0/0/14.0": {
                    "address_mode": null,
                    "ips": null,
                    "nat_addresses": null,
                    "network_name": null,
                    "port_id": "ge-0/0/14",
                    "port_usage": null,
                    "redundancy_state": null,
                    "rx_bytes": 0,
                    "rx_pkts": 0,
                    "servp_info": null,
                    "tx_bytes": 0,
                    "tx_pkts": 0,
                    "up": false,
                    "vlan": null,
                    "wan_name": null,
                    "wan_type": null
                  },
                  "ge-0/0/15.0": {
                    "address_mode": null,
                    "ips": null,
                    "nat_addresses": null,
                    "network_name": null,
                    "port_id": "ge-0/0/15",
                    "port_usage": null,
                    "redundancy_state": null,
                    "rx_bytes": 0,
                    "rx_pkts": 0,
                    "servp_info": null,
                    "tx_bytes": 0,
                    "tx_pkts": 0,
                    "up": false,
                    "vlan": null,
                    "wan_name": null,
                    "wan_type": null
                  },
                  "ge-0/0/16.0": {
                    "address_mode": null,
                    "ips": null,
                    "nat_addresses": null,
                    "network_name": null,
                    "port_id": "ge-0/0/16",
                    "port_usage": null,
                    "redundancy_state": null,
                    "rx_bytes": 0,
                    "rx_pkts": 0,
                    "servp_info": null,
                    "tx_bytes": 0,
                    "tx_pkts": 0,
                    "up": false,
                    "vlan": null,
                    "wan_name": null,
                    "wan_type": null
                  },
                  "ge-0/0/17.0": {
                    "address_mode": null,
                    "ips": null,
                    "nat_addresses": null,
                    "network_name": null,
                    "port_id": "ge-0/0/17",
                    "port_usage": null,
                    "redundancy_state": null,
                    "rx_bytes": 0,
                    "rx_pkts": 0,
                    "servp_info": null,
                    "tx_bytes": 0,
                    "tx_pkts": 0,
                    "up": false,
                    "vlan": null,
                    "wan_name": null,
                    "wan_type": null
                  },
                  "ge-0/0/18.0": {
                    "address_mode": null,
                    "ips": null,
                    "nat_addresses": null,
                    "network_name": null,
                    "port_id": "ge-0/0/18",
                    "port_usage": null,
                    "redundancy_state": null,
                    "rx_bytes": 0,
                    "rx_pkts": 0,
                    "servp_info": null,
                    "tx_bytes": 0,
                    "tx_pkts": 0,
                    "up": false,
                    "vlan": null,
                    "wan_name": null,
                    "wan_type": null
                  },
                  "ge-0/0/19.0": {
                    "address_mode": null,
                    "ips": null,
                    "nat_addresses": null,
                    "network_name": null,
                    "port_id": "ge-0/0/19",
                    "port_usage": null,
                    "redundancy_state": null,
                    "rx_bytes": 0,
                    "rx_pkts": 0,
                    "servp_info": null,
                    "tx_bytes": 0,
                    "tx_pkts": 0,
                    "up": false,
                    "vlan": null,
                    "wan_name": null,
                    "wan_type": null
                  },
                  "ge-0/0/20.0": {
                    "address_mode": null,
                    "ips": null,
                    "nat_addresses": null,
                    "network_name": null,
                    "port_id": "ge-0/0/20",
                    "port_usage": null,
                    "redundancy_state": null,
                    "rx_bytes": 0,
                    "rx_pkts": 0,
                    "servp_info": null,
                    "tx_bytes": 0,
                    "tx_pkts": 0,
                    "up": false,
                    "vlan": null,
                    "wan_name": null,
                    "wan_type": null
                  },
                  "ge-0/0/21.0": {
                    "address_mode": null,
                    "ips": null,
                    "nat_addresses": null,
                    "network_name": null,
                    "port_id": "ge-0/0/21",
                    "port_usage": null,
                    "redundancy_state": null,
                    "rx_bytes": 5550429,
                    "rx_pkts": 13880,
                    "servp_info": null,
                    "tx_bytes": 6497655,
                    "tx_pkts": 12011,
                    "up": false,
                    "vlan": null,
                    "wan_name": null,
                    "wan_type": null
                  },
                  "ge-0/0/22.0": {
                    "address_mode": null,
                    "ips": null,
                    "nat_addresses": null,
                    "network_name": null,
                    "port_id": "ge-0/0/22",
                    "port_usage": null,
                    "redundancy_state": null,
                    "rx_bytes": 12760686,
                    "rx_pkts": 31273,
                    "servp_info": null,
                    "tx_bytes": 14951550,
                    "tx_pkts": 27780,
                    "up": true,
                    "vlan": null,
                    "wan_name": null,
                    "wan_type": null
                  },
                  "ge-0/0/23.0": {
                    "address_mode": null,
                    "ips": null,
                    "nat_addresses": null,
                    "network_name": null,
                    "port_id": "ge-0/0/23",
                    "port_usage": null,
                    "redundancy_state": null,
                    "rx_bytes": 440753825,
                    "rx_pkts": 7235929,
                    "servp_info": null,
                    "tx_bytes": 2420861851,
                    "tx_pkts": 4298957,
                    "up": true,
                    "vlan": null,
                    "wan_name": null,
                    "wan_type": null
                  },
                  "ge-0/0/8.0": {
                    "address_mode": null,
                    "ips": null,
                    "nat_addresses": null,
                    "network_name": null,
                    "port_id": "ge-0/0/8",
                    "port_usage": null,
                    "redundancy_state": null,
                    "rx_bytes": 0,
                    "rx_pkts": 0,
                    "servp_info": null,
                    "tx_bytes": 0,
                    "tx_pkts": 0,
                    "up": false,
                    "vlan": null,
                    "wan_name": null,
                    "wan_type": null
                  },
                  "ge-0/0/9.0": {
                    "address_mode": null,
                    "ips": null,
                    "nat_addresses": null,
                    "network_name": null,
                    "port_id": "ge-0/0/9",
                    "port_usage": null,
                    "redundancy_state": null,
                    "rx_bytes": 14741662,
                    "rx_pkts": 48493,
                    "servp_info": null,
                    "tx_bytes": 31359619,
                    "tx_pkts": 68138,
                    "up": true,
                    "vlan": null,
                    "wan_name": null,
                    "wan_type": null
                  },
                  "irb.0": {
                    "address_mode": null,
                    "ips": [
                      "10.1.1.100/24"
                    ],
                    "nat_addresses": null,
                    "network_name": null,
                    "port_id": "irb",
                    "port_usage": null,
                    "redundancy_state": null,
                    "rx_bytes": 702716295,
                    "rx_pkts": 7046967,
                    "servp_info": {
                      "asn": null,
                      "city": null,
                      "country_code": null,
                      "latitude": null,
                      "longitude": null,
                      "org": null,
                      "region_code": null
                    },
                    "tx_bytes": 2392677774,
                    "tx_pkts": 4247453,
                    "up": true,
                    "vlan": 1,
                    "wan_name": null,
                    "wan_type": null
                  },
                  "lo0.16385": {
                    "address_mode": null,
                    "ips": null,
                    "nat_addresses": null,
                    "network_name": null,
                    "port_id": "lo0",
                    "port_usage": null,
                    "redundancy_state": null,
                    "rx_bytes": 10916373635,
                    "rx_pkts": 73717396,
                    "servp_info": null,
                    "tx_bytes": 10916373635,
                    "tx_pkts": 73717396,
                    "up": true,
                    "vlan": null,
                    "wan_name": null,
                    "wan_type": null
                  },
                  "me0.0": {
                    "address_mode": null,
                    "ips": null,
                    "nat_addresses": null,
                    "network_name": null,
                    "port_id": "me0",
                    "port_usage": null,
                    "redundancy_state": null,
                    "rx_bytes": 0,
                    "rx_pkts": 0,
                    "servp_info": null,
                    "tx_bytes": 0,
                    "tx_pkts": 0,
                    "up": false,
                    "vlan": null,
                    "wan_name": null,
                    "wan_type": null
                  },
                  "vme.0": {
                    "address_mode": null,
                    "ips": null,
                    "nat_addresses": null,
                    "network_name": null,
                    "port_id": "vme",
                    "port_usage": null,
                    "redundancy_state": null,
                    "rx_bytes": 0,
                    "rx_pkts": 0,
                    "servp_info": null,
                    "tx_bytes": 0,
                    "tx_pkts": 0,
                    "up": false,
                    "vlan": null,
                    "wan_name": null,
                    "wan_type": null
                  }
                },
                "ip": "10.1.1.100",
                "ip_stat": {
                  "dhcp_server": null,
                  "dns": null,
                  "dns_suffix": null,
                  "gateway": "10.1.1.1",
                  "gateway6": null,
                  "ip": "10.1.1.100",
                  "ip6": null,
                  "ips": {
                    "vlan1": "10.1.1.100"
                  },
                  "netmask": "255.255.255.255",
                  "netmask6": null
                },
                "last_seen": 1720867916,
                "last_trouble": {
                  "code": "106",
                  "timestamp": 1720719150
                },
                "mac": "bc0ffefb6644",
                "mac_table_stats": {
                  "mac_table_count": 11,
                  "max_mac_entries_supported": 64000
                },
                "map_id": null,
                "memory_stat": {
                  "usage": 15
                },
                "model": "EX4100-24MP",
                "modified_time": 1719403472,
                "module_stat": [
                  {
                    "backup_version": "22.4R2-S2.6",
                    "bios_version": "",
                    "cpld_version": "1.4a",
                    "errors": null,
                    "fans": [
                      {
                        "airflow": "out",
                        "name": "Fan Tray 0 Fan 0",
                        "status": "ok"
                      },
                      {
                        "airflow": "out",
                        "name": "Fan Tray 1 Fan 0",
                        "status": "ok"
                      }
                    ],
                    "fpc_idx": 0,
                    "fpga_version": "",
                    "last_seen": null,
                    "model": "EX4100-24MP-CHAS",
                    "optics_cpld_version": "",
                    "pending_version": "",
                    "pics": [
                      {
                        "index": 0,
                        "model_number": "EX4100-24MP-CHAS",
                        "port_groups": [
                          {
                            "count": 8,
                            "type": "GE"
                          },
                          {
                            "count": 16,
                            "type": "GE"
                          }
                        ]
                      },
                      {
                        "index": 1,
                        "model_number": "EX4100-24MP-CHAS",
                        "port_groups": [
                          {
                            "count": 4,
                            "type": "SFP28"
                          }
                        ]
                      },
                      {
                        "index": 2,
                        "model_number": "EX4100-24MP-CHAS",
                        "port_groups": [
                          {
                            "count": 4,
                            "type": "SFP/SFP+"
                          }
                        ]
                      }
                    ],
                    "poe": {
                      "max_power": 740,
                      "power_draw": 23.4
                    },
                    "poe_version": "1.3.0.11.0",
                    "power_cpld_version": "",
                    "psus": [
                      {
                        "name": "Power Supply 0",
                        "status": "ok"
                      },
                      {
                        "name": "Power Supply 1",
                        "status": "absent"
                      }
                    ],
                    "re_fpga_version": "",
                    "recovery_version": "22.4R3-S2.12",
                    "serial": "EZ3723AN0285",
                    "status": null,
                    "temperatures": [
                      {
                        "celsius": 44,
                        "name": "Thermal board Sensor 1",
                        "status": "ok"
                      },
                      {
                        "celsius": 36,
                        "name": "Thermal board Sensor 2",
                        "status": "ok"
                      },
                      {
                        "celsius": 35,
                        "name": "Thermal board Sensor 3",
                        "status": "ok"
                      },
                      {
                        "celsius": 43,
                        "name": "PFE Die Sensor",
                        "status": "ok"
                      }
                    ],
                    "tmc_fpga_version": "",
                    "uboot_version": "1.6",
                    "uptime": 1455480,
                    "vc_links": [],
                    "vc_mode": "HiGiG",
                    "vc_role": "master",
                    "vc_state": "present",
                    "version": "22.4R3-S2.12"
                  }
                ],
                "name": "sdwan_richmond_hill_sw3_ex41_24mp-v0",
                "org_id": "9777c1a0-6ef6-11e6-8bbf-02e208b2d34f",
                "route_summary_stats": {
                  "fib_routes": 3,
                  "max_unicast_routes_supported": 32150,
                  "rib_routes": 12,
                  "total_routes": 3
                },
                "serial": "EZ3723AN0285",
                "service_stat": {},
                "site_id": "5d3eb59c-7fd9-4605-abc9-6e70a9290eaf",
                "status": "connected",
                "uptime": 1455442,
                "vc_mac": null,
                "vc_setup_info": {
                  "config_type": "nonprovisioned",
                  "err_missing_dev_id_fpc": false
                },
                "version": "22.4R3-S2.12"
              },
              {
                "ap_redundancy": {
                  "modules": null,
                  "num_aps": 1,
                  "num_aps_with_switch_redundancy": 0
                },
                "arp_table_stats": {
                  "arp_table_count": 1,
                  "max_entries_supported": 32000
                },
                "cert_expiry": null,
                "clients": [
                  {
                    "device_mac": "60c78d93af0f",
                    "hostname": null,
                    "mac": "60c78d939c0f",
                    "port_id": "mge-0/0/2"
                  },
                  {
                    "device_mac": "60c78d93af0f",
                    "hostname": null,
                    "mac": "4062310a3f1c",
                    "port_id": "mge-0/0/5"
                  },
                  {
                    "device_mac": "60c78d93af0f",
                    "hostname": null,
                    "mac": "a4e11ab95500",
                    "port_id": "ge-0/0/36"
                  },
                  {
                    "device_mac": "60c78d93af0f",
                    "hostname": null,
                    "mac": "d0dd4985cb3c",
                    "port_id": "ge-0/0/40"
                  },
                  {
                    "device_mac": "60c78d93af0f",
                    "hostname": null,
                    "mac": "003e7307e446",
                    "port_id": "mge-0/0/6"
                  },
                  {
                    "device_mac": "60c78d93af0f",
                    "hostname": null,
                    "mac": "e0a700085eb0",
                    "port_id": "mge-0/0/1"
                  },
                  {
                    "device_mac": "60c78d93af0f",
                    "hostname": null,
                    "mac": "60c78d93b00f",
                    "port_id": "ge-0/0/41"
                  },
                  {
                    "device_mac": "60c78d93af0f",
                    "hostname": null,
                    "mac": "fc33426d5b80",
                    "port_id": "ge-0/0/47"
                  }
                ],
                "clients_stats": {
                  "total": {
                    "num_aps": [
                      1
                    ],
                    "num_wired_clients": 8
                  }
                },
                "config_status": "COMMITED",
                "cpu_stat": {
                  "idle": 86,
                  "interrupt": 0,
                  "load_avg": [
                    0.57,
                    0.57,
                    0.51
                  ],
                  "system": 8,
                  "user": 6
                },
                "created_time": 1690931046,
                "deviceprofile_id": null,
                "dhcpd_stat": {},
                "evpntopo_id": null,
                "fw_versions_outofsync": false,
                "fwupdate": null,
                "has_pcap": false,
                "hostname": "ld-cup-idf-a-core",
                "hw_rev": "A",
                "id": "00000000-0000-0000-1000-60c78d93af0f",
                "if_stat": {
                  "ge-0/0/16.0": {
                    "address_mode": null,
                    "ips": null,
                    "nat_addresses": null,
                    "network_name": null,
                    "port_id": "ge-0/0/16",
                    "port_usage": null,
                    "redundancy_state": null,
                    "rx_bytes": 0,
                    "rx_pkts": 0,
                    "servp_info": null,
                    "tx_bytes": 0,
                    "tx_pkts": 0,
                    "up": false,
                    "vlan": null,
                    "wan_name": null,
                    "wan_type": null
                  },
                  "ge-0/0/17.0": {
                    "address_mode": null,
                    "ips": null,
                    "nat_addresses": null,
                    "network_name": null,
                    "port_id": "ge-0/0/17",
                    "port_usage": null,
                    "redundancy_state": null,
                    "rx_bytes": 0,
                    "rx_pkts": 0,
                    "servp_info": null,
                    "tx_bytes": 0,
                    "tx_pkts": 0,
                    "up": false,
                    "vlan": null,
                    "wan_name": null,
                    "wan_type": null
                  },
                  "ge-0/0/18.0": {
                    "address_mode": null,
                    "ips": null,
                    "nat_addresses": null,
                    "network_name": null,
                    "port_id": "ge-0/0/18",
                    "port_usage": null,
                    "redundancy_state": null,
                    "rx_bytes": 0,
                    "rx_pkts": 0,
                    "servp_info": null,
                    "tx_bytes": 0,
                    "tx_pkts": 0,
                    "up": false,
                    "vlan": null,
                    "wan_name": null,
                    "wan_type": null
                  },
                  "ge-0/0/19.0": {
                    "address_mode": null,
                    "ips": null,
                    "nat_addresses": null,
                    "network_name": null,
                    "port_id": "ge-0/0/19",
                    "port_usage": null,
                    "redundancy_state": null,
                    "rx_bytes": 0,
                    "rx_pkts": 0,
                    "servp_info": null,
                    "tx_bytes": 0,
                    "tx_pkts": 0,
                    "up": false,
                    "vlan": null,
                    "wan_name": null,
                    "wan_type": null
                  },
                  "ge-0/0/20.0": {
                    "address_mode": null,
                    "ips": null,
                    "nat_addresses": null,
                    "network_name": null,
                    "port_id": "ge-0/0/20",
                    "port_usage": null,
                    "redundancy_state": null,
                    "rx_bytes": 0,
                    "rx_pkts": 0,
                    "servp_info": null,
                    "tx_bytes": 0,
                    "tx_pkts": 0,
                    "up": false,
                    "vlan": null,
                    "wan_name": null,
                    "wan_type": null
                  },
                  "ge-0/0/21.0": {
                    "address_mode": null,
                    "ips": null,
                    "nat_addresses": null,
                    "network_name": null,
                    "port_id": "ge-0/0/21",
                    "port_usage": null,
                    "redundancy_state": null,
                    "rx_bytes": 0,
                    "rx_pkts": 0,
                    "servp_info": null,
                    "tx_bytes": 0,
                    "tx_pkts": 0,
                    "up": false,
                    "vlan": null,
                    "wan_name": null,
                    "wan_type": null
                  },
                  "ge-0/0/22.0": {
                    "address_mode": null,
                    "ips": null,
                    "nat_addresses": null,
                    "network_name": null,
                    "port_id": "ge-0/0/22",
                    "port_usage": null,
                    "redundancy_state": null,
                    "rx_bytes": 0,
                    "rx_pkts": 0,
                    "servp_info": null,
                    "tx_bytes": 0,
                    "tx_pkts": 0,
                    "up": false,
                    "vlan": null,
                    "wan_name": null,
                    "wan_type": null
                  },
                  "ge-0/0/23.0": {
                    "address_mode": null,
                    "ips": null,
                    "nat_addresses": null,
                    "network_name": null,
                    "port_id": "ge-0/0/23",
                    "port_usage": null,
                    "redundancy_state": null,
                    "rx_bytes": 0,
                    "rx_pkts": 0,
                    "servp_info": null,
                    "tx_bytes": 0,
                    "tx_pkts": 0,
                    "up": false,
                    "vlan": null,
                    "wan_name": null,
                    "wan_type": null
                  },
                  "ge-0/0/24.0": {
                    "address_mode": null,
                    "ips": null,
                    "nat_addresses": null,
                    "network_name": null,
                    "port_id": "ge-0/0/24",
                    "port_usage": null,
                    "redundancy_state": null,
                    "rx_bytes": 0,
                    "rx_pkts": 0,
                    "servp_info": null,
                    "tx_bytes": 0,
                    "tx_pkts": 0,
                    "up": false,
                    "vlan": null,
                    "wan_name": null,
                    "wan_type": null
                  },
                  "ge-0/0/25.0": {
                    "address_mode": null,
                    "ips": null,
                    "nat_addresses": null,
                    "network_name": null,
                    "port_id": "ge-0/0/25",
                    "port_usage": null,
                    "redundancy_state": null,
                    "rx_bytes": 0,
                    "rx_pkts": 0,
                    "servp_info": null,
                    "tx_bytes": 0,
                    "tx_pkts": 0,
                    "up": false,
                    "vlan": null,
                    "wan_name": null,
                    "wan_type": null
                  },
                  "ge-0/0/26.0": {
                    "address_mode": null,
                    "ips": null,
                    "nat_addresses": null,
                    "network_name": null,
                    "port_id": "ge-0/0/26",
                    "port_usage": null,
                    "redundancy_state": null,
                    "rx_bytes": 0,
                    "rx_pkts": 0,
                    "servp_info": null,
                    "tx_bytes": 0,
                    "tx_pkts": 0,
                    "up": false,
                    "vlan": null,
                    "wan_name": null,
                    "wan_type": null
                  },
                  "ge-0/0/27.0": {
                    "address_mode": null,
                    "ips": null,
                    "nat_addresses": null,
                    "network_name": null,
                    "port_id": "ge-0/0/27",
                    "port_usage": null,
                    "redundancy_state": null,
                    "rx_bytes": 0,
                    "rx_pkts": 0,
                    "servp_info": null,
                    "tx_bytes": 0,
                    "tx_pkts": 0,
                    "up": false,
                    "vlan": null,
                    "wan_name": null,
                    "wan_type": null
                  },
                  "ge-0/0/28.0": {
                    "address_mode": null,
                    "ips": null,
                    "nat_addresses": null,
                    "network_name": null,
                    "port_id": "ge-0/0/28",
                    "port_usage": null,
                    "redundancy_state": null,
                    "rx_bytes": 0,
                    "rx_pkts": 0,
                    "servp_info": null,
                    "tx_bytes": 0,
                    "tx_pkts": 0,
                    "up": false,
                    "vlan": null,
                    "wan_name": null,
                    "wan_type": null
                  },
                  "ge-0/0/29.0": {
                    "address_mode": null,
                    "ips": null,
                    "nat_addresses": null,
                    "network_name": null,
                    "port_id": "ge-0/0/29",
                    "port_usage": null,
                    "redundancy_state": null,
                    "rx_bytes": 0,
                    "rx_pkts": 0,
                    "servp_info": null,
                    "tx_bytes": 0,
                    "tx_pkts": 0,
                    "up": false,
                    "vlan": null,
                    "wan_name": null,
                    "wan_type": null
                  },
                  "ge-0/0/30.0": {
                    "address_mode": null,
                    "ips": null,
                    "nat_addresses": null,
                    "network_name": null,
                    "port_id": "ge-0/0/30",
                    "port_usage": null,
                    "redundancy_state": null,
                    "rx_bytes": 0,
                    "rx_pkts": 0,
                    "servp_info": null,
                    "tx_bytes": 0,
                    "tx_pkts": 0,
                    "up": false,
                    "vlan": null,
                    "wan_name": null,
                    "wan_type": null
                  },
                  "ge-0/0/31.0": {
                    "address_mode": null,
                    "ips": null,
                    "nat_addresses": null,
                    "network_name": null,
                    "port_id": "ge-0/0/31",
                    "port_usage": null,
                    "redundancy_state": null,
                    "rx_bytes": 0,
                    "rx_pkts": 0,
                    "servp_info": null,
                    "tx_bytes": 0,
                    "tx_pkts": 0,
                    "up": false,
                    "vlan": null,
                    "wan_name": null,
                    "wan_type": null
                  },
                  "ge-0/0/32.0": {
                    "address_mode": null,
                    "ips": null,
                    "nat_addresses": null,
                    "network_name": null,
                    "port_id": "ge-0/0/32",
                    "port_usage": null,
                    "redundancy_state": null,
                    "rx_bytes": 0,
                    "rx_pkts": 0,
                    "servp_info": null,
                    "tx_bytes": 0,
                    "tx_pkts": 0,
                    "up": false,
                    "vlan": null,
                    "wan_name": null,
                    "wan_type": null
                  },
                  "ge-0/0/33.0": {
                    "address_mode": null,
                    "ips": null,
                    "nat_addresses": null,
                    "network_name": null,
                    "port_id": "ge-0/0/33",
                    "port_usage": null,
                    "redundancy_state": null,
                    "rx_bytes": 0,
                    "rx_pkts": 0,
                    "servp_info": null,
                    "tx_bytes": 0,
                    "tx_pkts": 0,
                    "up": false,
                    "vlan": null,
                    "wan_name": null,
                    "wan_type": null
                  },
                  "ge-0/0/34.0": {
                    "address_mode": null,
                    "ips": null,
                    "nat_addresses": null,
                    "network_name": null,
                    "port_id": "ge-0/0/34",
                    "port_usage": null,
                    "redundancy_state": null,
                    "rx_bytes": 0,
                    "rx_pkts": 0,
                    "servp_info": null,
                    "tx_bytes": 0,
                    "tx_pkts": 0,
                    "up": false,
                    "vlan": null,
                    "wan_name": null,
                    "wan_type": null
                  },
                  "ge-0/0/35.0": {
                    "address_mode": null,
                    "ips": null,
                    "nat_addresses": null,
                    "network_name": null,
                    "port_id": "ge-0/0/35",
                    "port_usage": null,
                    "redundancy_state": null,
                    "rx_bytes": 0,
                    "rx_pkts": 0,
                    "servp_info": null,
                    "tx_bytes": 0,
                    "tx_pkts": 0,
                    "up": false,
                    "vlan": null,
                    "wan_name": null,
                    "wan_type": null
                  },
                  "ge-0/0/36.0": {
                    "address_mode": null,
                    "ips": null,
                    "nat_addresses": null,
                    "network_name": null,
                    "port_id": "ge-0/0/36",
                    "port_usage": null,
                    "redundancy_state": null,
                    "rx_bytes": 200143082,
                    "rx_pkts": 582168,
                    "servp_info": null,
                    "tx_bytes": 210496842,
                    "tx_pkts": 403563,
                    "up": true,
                    "vlan": null,
                    "wan_name": null,
                    "wan_type": null
                  },
                  "ge-0/0/37.300": {
                    "address_mode": null,
                    "ips": [
                      "2.2.2.2/24"
                    ],
                    "nat_addresses": null,
                    "network_name": null,
                    "port_id": "ge-0/0/37",
                    "port_usage": null,
                    "redundancy_state": null,
                    "rx_bytes": 0,
                    "rx_pkts": 0,
                    "servp_info": {
                      "asn": "AS3215",
                      "city": "Paris",
                      "country_code": "FR",
                      "latitude": 48.8323,
                      "longitude": 2.4075,
                      "org": "Orange",
                      "region_code": "IDF"
                    },
                    "tx_bytes": 0,
                    "tx_pkts": 0,
                    "up": false,
                    "vlan": null,
                    "wan_name": null,
                    "wan_type": null
                  },
                  "ge-0/0/37.32767": {
                    "address_mode": null,
                    "ips": null,
                    "nat_addresses": null,
                    "network_name": null,
                    "port_id": "ge-0/0/37",
                    "port_usage": null,
                    "redundancy_state": null,
                    "rx_bytes": 0,
                    "rx_pkts": 0,
                    "servp_info": null,
                    "tx_bytes": 0,
                    "tx_pkts": 0,
                    "up": false,
                    "vlan": null,
                    "wan_name": null,
                    "wan_type": null
                  },
                  "ge-0/0/38.0": {
                    "address_mode": null,
                    "ips": null,
                    "nat_addresses": null,
                    "network_name": null,
                    "port_id": "ge-0/0/38",
                    "port_usage": null,
                    "redundancy_state": null,
                    "rx_bytes": 0,
                    "rx_pkts": 0,
                    "servp_info": null,
                    "tx_bytes": 0,
                    "tx_pkts": 0,
                    "up": false,
                    "vlan": null,
                    "wan_name": null,
                    "wan_type": null
                  },
                  "ge-0/0/39.0": {
                    "address_mode": null,
                    "ips": null,
                    "nat_addresses": null,
                    "network_name": null,
                    "port_id": "ge-0/0/39",
                    "port_usage": null,
                    "redundancy_state": null,
                    "rx_bytes": 0,
                    "rx_pkts": 0,
                    "servp_info": null,
                    "tx_bytes": 0,
                    "tx_pkts": 0,
                    "up": false,
                    "vlan": null,
                    "wan_name": null,
                    "wan_type": null
                  },
                  "ge-0/0/40.0": {
                    "address_mode": null,
                    "ips": null,
                    "nat_addresses": null,
                    "network_name": null,
                    "port_id": "ge-0/0/40",
                    "port_usage": null,
                    "redundancy_state": null,
                    "rx_bytes": 1033558658,
                    "rx_pkts": 5249819,
                    "servp_info": null,
                    "tx_bytes": 257591576,
                    "tx_pkts": 493719,
                    "up": true,
                    "vlan": null,
                    "wan_name": null,
                    "wan_type": null
                  },
                  "ge-0/0/41.0": {
                    "address_mode": null,
                    "ips": null,
                    "nat_addresses": null,
                    "network_name": null,
                    "port_id": "ge-0/0/41",
                    "port_usage": null,
                    "redundancy_state": null,
                    "rx_bytes": 517058854,
                    "rx_pkts": 1637904,
                    "servp_info": null,
                    "tx_bytes": 259922835,
                    "tx_pkts": 504797,
                    "up": true,
                    "vlan": null,
                    "wan_name": null,
                    "wan_type": null
                  },
                  "ge-0/0/42.0": {
                    "address_mode": null,
                    "ips": null,
                    "nat_addresses": null,
                    "network_name": null,
                    "port_id": "ge-0/0/42",
                    "port_usage": null,
                    "redundancy_state": null,
                    "rx_bytes": 0,
                    "rx_pkts": 0,
                    "servp_info": null,
                    "tx_bytes": 0,
                    "tx_pkts": 0,
                    "up": false,
                    "vlan": null,
                    "wan_name": null,
                    "wan_type": null
                  },
                  "ge-0/0/43.0": {
                    "address_mode": null,
                    "ips": null,
                    "nat_addresses": null,
                    "network_name": null,
                    "port_id": "ge-0/0/43",
                    "port_usage": null,
                    "redundancy_state": null,
                    "rx_bytes": 0,
                    "rx_pkts": 0,
                    "servp_info": null,
                    "tx_bytes": 225935595,
                    "tx_pkts": 496562,
                    "up": true,
                    "vlan": null,
                    "wan_name": null,
                    "wan_type": null
                  },
                  "ge-0/0/44.0": {
                    "address_mode": null,
                    "ips": null,
                    "nat_addresses": null,
                    "network_name": null,
                    "port_id": "ge-0/0/44",
                    "port_usage": null,
                    "redundancy_state": null,
                    "rx_bytes": 0,
                    "rx_pkts": 0,
                    "servp_info": null,
                    "tx_bytes": 0,
                    "tx_pkts": 0,
                    "up": false,
                    "vlan": null,
                    "wan_name": null,
                    "wan_type": null
                  },
                  "ge-0/0/45.0": {
                    "address_mode": null,
                    "ips": null,
                    "nat_addresses": null,
                    "network_name": null,
                    "port_id": "ge-0/0/45",
                    "port_usage": null,
                    "redundancy_state": null,
                    "rx_bytes": 0,
                    "rx_pkts": 0,
                    "servp_info": null,
                    "tx_bytes": 0,
                    "tx_pkts": 0,
                    "up": false,
                    "vlan": null,
                    "wan_name": null,
                    "wan_type": null
                  },
                  "ge-0/0/46.0": {
                    "address_mode": null,
                    "ips": null,
                    "nat_addresses": null,
                    "network_name": null,
                    "port_id": "ge-0/0/46",
                    "port_usage": null,
                    "redundancy_state": null,
                    "rx_bytes": 0,
                    "rx_pkts": 0,
                    "servp_info": null,
                    "tx_bytes": 225915134,
                    "tx_pkts": 496555,
                    "up": true,
                    "vlan": null,
                    "wan_name": null,
                    "wan_type": null
                  },
                  "ge-0/0/47.0": {
                    "address_mode": null,
                    "ips": null,
                    "nat_addresses": null,
                    "network_name": null,
                    "port_id": "ge-0/0/47",
                    "port_usage": null,
                    "redundancy_state": null,
                    "rx_bytes": 199803016,
                    "rx_pkts": 588794,
                    "servp_info": null,
                    "tx_bytes": 115430786251,
                    "tx_pkts": 125685803,
                    "up": true,
                    "vlan": null,
                    "wan_name": null,
                    "wan_type": null
                  },
                  "irb.0": {
                    "address_mode": null,
                    "ips": [
                      "10.100.0.134/23"
                    ],
                    "nat_addresses": null,
                    "network_name": null,
                    "port_id": "irb",
                    "port_usage": null,
                    "redundancy_state": null,
                    "rx_bytes": 14261686386,
                    "rx_pkts": 137804792,
                    "servp_info": {
                      "asn": null,
                      "city": null,
                      "country_code": null,
                      "latitude": null,
                      "longitude": null,
                      "org": null,
                      "region_code": null
                    },
                    "tx_bytes": 115171784760,
                    "tx_pkts": 125203952,
                    "up": true,
                    "vlan": 1,
                    "wan_name": null,
                    "wan_type": null
                  },
                  "lo0.16385": {
                    "address_mode": null,
                    "ips": null,
                    "nat_addresses": null,
                    "network_name": null,
                    "port_id": "lo0",
                    "port_usage": null,
                    "redundancy_state": null,
                    "rx_bytes": 94515386475,
                    "rx_pkts": 639188217,
                    "servp_info": null,
                    "tx_bytes": 94515386475,
                    "tx_pkts": 639188217,
                    "up": true,
                    "vlan": null,
                    "wan_name": null,
                    "wan_type": null
                  },
                  "me0.0": {
                    "address_mode": null,
                    "ips": null,
                    "nat_addresses": null,
                    "network_name": null,
                    "port_id": "me0",
                    "port_usage": null,
                    "redundancy_state": null,
                    "rx_bytes": 0,
                    "rx_pkts": 0,
                    "servp_info": null,
                    "tx_bytes": 0,
                    "tx_pkts": 0,
                    "up": false,
                    "vlan": null,
                    "wan_name": null,
                    "wan_type": null
                  },
                  "vme.0": {
                    "address_mode": null,
                    "ips": null,
                    "nat_addresses": null,
                    "network_name": null,
                    "port_id": "vme",
                    "port_usage": null,
                    "redundancy_state": null,
                    "rx_bytes": 0,
                    "rx_pkts": 0,
                    "servp_info": null,
                    "tx_bytes": 0,
                    "tx_pkts": 0,
                    "up": false,
                    "vlan": null,
                    "wan_name": null,
                    "wan_type": null
                  }
                },
                "ip": "10.100.0.134",
                "ip_stat": {
                  "dhcp_server": null,
                  "dns": null,
                  "dns_suffix": null,
                  "gateway": "10.100.0.1",
                  "gateway6": null,
                  "ip": "2.2.2.2",
                  "ip6": null,
                  "ips": {
                    "vlan1": "2.2.2.2,10.100.0.134"
                  },
                  "netmask": "255.255.255.255",
                  "netmask6": null
                },
                "last_seen": 1720867890,
                "last_trouble": null,
                "mac": "60c78d93af0f",
                "mac_table_stats": {
                  "mac_table_count": 60,
                  "max_mac_entries_supported": 64000
                },
                "map_id": null,
                "memory_stat": {
                  "usage": 14
                },
                "model": "EX4100-48MP",
                "modified_time": 1718910078,
                "module_stat": [
                  {
                    "backup_version": "",
                    "bios_version": "",
                    "cpld_version": "1.4a",
                    "errors": null,
                    "fans": [
                      {
                        "airflow": "out",
                        "name": "Fan Tray 0 Fan 0",
                        "status": "ok"
                      },
                      {
                        "airflow": "out",
                        "name": "Fan Tray 1 Fan 0",
                        "status": "ok"
                      }
                    ],
                    "fpc_idx": 0,
                    "fpga_version": "",
                    "last_seen": null,
                    "model": "EX4100-48MP-CHAS",
                    "optics_cpld_version": "",
                    "pending_version": "",
                    "pics": [
                      {
                        "index": 0,
                        "model_number": "EX4100-48MP-CHAS",
                        "port_groups": [
                          {
                            "count": 16,
                            "type": "GE"
                          },
                          {
                            "count": 32,
                            "type": "GE"
                          }
                        ]
                      },
                      {
                        "index": 1,
                        "model_number": "EX4100-48MP-CHAS",
                        "port_groups": [
                          {
                            "count": 4,
                            "type": "SFP28"
                          }
                        ]
                      },
                      {
                        "index": 2,
                        "model_number": "EX4100-48MP-CHAS",
                        "port_groups": [
                          {
                            "count": 4,
                            "type": "SFP/SFP+"
                          }
                        ]
                      }
                    ],
                    "poe": {
                      "max_power": 740,
                      "power_draw": 16
                    },
                    "poe_version": "1.3.0.11.0",
                    "power_cpld_version": "",
                    "psus": [
                      {
                        "name": "Power Supply 0",
                        "status": "ok"
                      },
                      {
                        "name": "Power Supply 1",
                        "status": "absent"
                      }
                    ],
                    "re_fpga_version": "",
                    "recovery_version": "22.3R1.12",
                    "serial": "EY2523AN0521",
                    "status": null,
                    "temperatures": [
                      {
                        "celsius": 39,
                        "name": "Thermal board Sensor 1",
                        "status": "ok"
                      },
                      {
                        "celsius": 32,
                        "name": "Thermal board Sensor 2",
                        "status": "ok"
                      },
                      {
                        "celsius": 24,
                        "name": "Thermal board Sensor 3",
                        "status": "ok"
                      },
                      {
                        "celsius": 24,
                        "name": "Thermal board Sensor 4",
                        "status": "ok"
                      },
                      {
                        "celsius": 46,
                        "name": "PFE Die Sensor",
                        "status": "ok"
                      }
                    ],
                    "tmc_fpga_version": "",
                    "uboot_version": "1.6",
                    "uptime": 13779660,
                    "vc_links": [],
                    "vc_mode": "HiGiG",
                    "vc_role": "master",
                    "vc_state": "present",
                    "version": "22.3R1.12"
                  }
                ],
                "name": "ld-cup-idf-a-core",
                "org_id": "9777c1a0-6ef6-11e6-8bbf-02e208b2d34f",
                "route_summary_stats": {
                  "fib_routes": 4,
                  "max_unicast_routes_supported": 32150,
                  "rib_routes": 14,
                  "total_routes": 3
                },
                "serial": "EY2523AN0521",
                "service_stat": {},
                "site_id": "978c48e6-6ef6-11e6-8bbf-02e208b2d34f",
                "status": "connected",
                "uptime": 13779661,
                "vc_mac": null,
                "vc_setup_info": {
                  "config_type": "nonprovisioned",
                  "err_missing_dev_id_fpc": false
                },
                "version": "22.3R1.12"
              },
              {
                "ap_redundancy": {
                  "modules": null,
                  "num_aps": 1,
                  "num_aps_with_switch_redundancy": 0
                },
                "arp_table_stats": {
                  "arp_table_count": 3,
                  "max_entries_supported": 1500
                },
                "cert_expiry": null,
                "clients": [
                  {
                    "device_mac": "544b8c1c72f7",
                    "hostname": null,
                    "mac": "90ec77259cd1",
                    "port_id": "mge-0/0/0"
                  },
                  {
                    "device_mac": "544b8c1c72f7",
                    "hostname": null,
                    "mac": "d420b002d96f",
                    "port_id": "ge-0/0/22"
                  },
                  {
                    "device_mac": "544b8c1c72f7",
                    "hostname": null,
                    "mac": "000c29397805",
                    "port_id": "ge-0/0/16"
                  },
                  {
                    "device_mac": "544b8c1c72f7",
                    "hostname": null,
                    "mac": "5c5b35d01798",
                    "port_id": "ge-0/0/23"
                  },
                  {
                    "device_mac": "544b8c1c72f7",
                    "hostname": null,
                    "mac": "c8fe6ae395c0",
                    "port_id": "me0"
                  }
                ],
                "clients_stats": {
                  "total": {
                    "num_aps": [
                      2
                    ],
                    "num_wired_clients": 5
                  }
                },
                "config_status": "NO_CHANGE",
                "cpu_stat": {
                  "idle": 61,
                  "interrupt": 1,
                  "load_avg": [
                    0.82,
                    0.84,
                    0.85
                  ],
                  "system": 13,
                  "user": 25
                },
                "created_time": 1718990433,
                "deviceprofile_id": null,
                "dhcpd_stat": {},
                "evpntopo_id": null,
                "fw_versions_outofsync": false,
                "fwupdate": null,
                "has_pcap": false,
                "hostname": "sdwan-westford-switch",
                "hw_rev": "A",
                "id": "00000000-0000-0000-1000-544b8c1c72f7",
                "if_stat": {
                  "ge-0/0/10.0": {
                    "address_mode": null,
                    "ips": null,
                    "nat_addresses": null,
                    "network_name": null,
                    "port_id": "ge-0/0/10",
                    "port_usage": null,
                    "redundancy_state": null,
                    "rx_bytes": 0,
                    "rx_pkts": 0,
                    "servp_info": null,
                    "tx_bytes": 0,
                    "tx_pkts": 0,
                    "up": false,
                    "vlan": null,
                    "wan_name": null,
                    "wan_type": null
                  },
                  "ge-0/0/11.0": {
                    "address_mode": null,
                    "ips": null,
                    "nat_addresses": null,
                    "network_name": null,
                    "port_id": "ge-0/0/11",
                    "port_usage": null,
                    "redundancy_state": null,
                    "rx_bytes": 0,
                    "rx_pkts": 0,
                    "servp_info": null,
                    "tx_bytes": 0,
                    "tx_pkts": 0,
                    "up": false,
                    "vlan": null,
                    "wan_name": null,
                    "wan_type": null
                  },
                  "ge-0/0/12.0": {
                    "address_mode": null,
                    "ips": null,
                    "nat_addresses": null,
                    "network_name": null,
                    "port_id": "ge-0/0/12",
                    "port_usage": null,
                    "redundancy_state": null,
                    "rx_bytes": 0,
                    "rx_pkts": 0,
                    "servp_info": null,
                    "tx_bytes": 0,
                    "tx_pkts": 0,
                    "up": false,
                    "vlan": null,
                    "wan_name": null,
                    "wan_type": null
                  },
                  "ge-0/0/13.0": {
                    "address_mode": null,
                    "ips": null,
                    "nat_addresses": null,
                    "network_name": null,
                    "port_id": "ge-0/0/13",
                    "port_usage": null,
                    "redundancy_state": null,
                    "rx_bytes": 0,
                    "rx_pkts": 0,
                    "servp_info": null,
                    "tx_bytes": 0,
                    "tx_pkts": 0,
                    "up": false,
                    "vlan": null,
                    "wan_name": null,
                    "wan_type": null
                  },
                  "ge-0/0/14.0": {
                    "address_mode": null,
                    "ips": null,
                    "nat_addresses": null,
                    "network_name": null,
                    "port_id": "ge-0/0/14",
                    "port_usage": null,
                    "redundancy_state": null,
                    "rx_bytes": 0,
                    "rx_pkts": 0,
                    "servp_info": null,
                    "tx_bytes": 0,
                    "tx_pkts": 0,
                    "up": false,
                    "vlan": null,
                    "wan_name": null,
                    "wan_type": null
                  },
                  "ge-0/0/15.0": {
                    "address_mode": null,
                    "ips": null,
                    "nat_addresses": null,
                    "network_name": null,
                    "port_id": "ge-0/0/15",
                    "port_usage": null,
                    "redundancy_state": null,
                    "rx_bytes": 0,
                    "rx_pkts": 0,
                    "servp_info": null,
                    "tx_bytes": 0,
                    "tx_pkts": 0,
                    "up": false,
                    "vlan": null,
                    "wan_name": null,
                    "wan_type": null
                  },
                  "ge-0/0/16.0": {
                    "address_mode": null,
                    "ips": null,
                    "nat_addresses": null,
                    "network_name": null,
                    "port_id": "ge-0/0/16",
                    "port_usage": null,
                    "redundancy_state": null,
                    "rx_bytes": 14721725,
                    "rx_pkts": 94557,
                    "servp_info": null,
                    "tx_bytes": 31118338,
                    "tx_pkts": 67505,
                    "up": true,
                    "vlan": null,
                    "wan_name": null,
                    "wan_type": null
                  },
                  "ge-0/0/17.0": {
                    "address_mode": null,
                    "ips": null,
                    "nat_addresses": null,
                    "network_name": null,
                    "port_id": "ge-0/0/17",
                    "port_usage": null,
                    "redundancy_state": null,
                    "rx_bytes": 0,
                    "rx_pkts": 0,
                    "servp_info": null,
                    "tx_bytes": 0,
                    "tx_pkts": 0,
                    "up": false,
                    "vlan": null,
                    "wan_name": null,
                    "wan_type": null
                  },
                  "ge-0/0/18.0": {
                    "address_mode": null,
                    "ips": null,
                    "nat_addresses": null,
                    "network_name": null,
                    "port_id": "ge-0/0/18",
                    "port_usage": null,
                    "redundancy_state": null,
                    "rx_bytes": 0,
                    "rx_pkts": 0,
                    "servp_info": null,
                    "tx_bytes": 0,
                    "tx_pkts": 0,
                    "up": false,
                    "vlan": null,
                    "wan_name": null,
                    "wan_type": null
                  },
                  "ge-0/0/19.0": {
                    "address_mode": null,
                    "ips": null,
                    "nat_addresses": null,
                    "network_name": null,
                    "port_id": "ge-0/0/19",
                    "port_usage": null,
                    "redundancy_state": null,
                    "rx_bytes": 0,
                    "rx_pkts": 0,
                    "servp_info": null,
                    "tx_bytes": 0,
                    "tx_pkts": 0,
                    "up": false,
                    "vlan": null,
                    "wan_name": null,
                    "wan_type": null
                  },
                  "ge-0/0/20.0": {
                    "address_mode": null,
                    "ips": null,
                    "nat_addresses": null,
                    "network_name": null,
                    "port_id": "ge-0/0/20",
                    "port_usage": null,
                    "redundancy_state": null,
                    "rx_bytes": 0,
                    "rx_pkts": 0,
                    "servp_info": null,
                    "tx_bytes": 0,
                    "tx_pkts": 0,
                    "up": false,
                    "vlan": null,
                    "wan_name": null,
                    "wan_type": null
                  },
                  "ge-0/0/21.0": {
                    "address_mode": null,
                    "ips": null,
                    "nat_addresses": null,
                    "network_name": null,
                    "port_id": "ge-0/0/21",
                    "port_usage": null,
                    "redundancy_state": null,
                    "rx_bytes": 0,
                    "rx_pkts": 0,
                    "servp_info": null,
                    "tx_bytes": 0,
                    "tx_pkts": 0,
                    "up": false,
                    "vlan": null,
                    "wan_name": null,
                    "wan_type": null
                  },
                  "ge-0/0/22.0": {
                    "address_mode": null,
                    "ips": null,
                    "nat_addresses": null,
                    "network_name": null,
                    "port_id": "ge-0/0/22",
                    "port_usage": null,
                    "redundancy_state": null,
                    "rx_bytes": 18154917,
                    "rx_pkts": 105446,
                    "servp_info": null,
                    "tx_bytes": 33215488,
                    "tx_pkts": 72051,
                    "up": true,
                    "vlan": null,
                    "wan_name": null,
                    "wan_type": null
                  },
                  "ge-0/0/23.0": {
                    "address_mode": null,
                    "ips": null,
                    "nat_addresses": null,
                    "network_name": null,
                    "port_id": "ge-0/0/23",
                    "port_usage": null,
                    "redundancy_state": null,
                    "rx_bytes": 16082164,
                    "rx_pkts": 82419,
                    "servp_info": null,
                    "tx_bytes": 37749405,
                    "tx_pkts": 82048,
                    "up": true,
                    "vlan": null,
                    "wan_name": null,
                    "wan_type": null
                  },
                  "ge-0/0/8.0": {
                    "address_mode": null,
                    "ips": null,
                    "nat_addresses": null,
                    "network_name": null,
                    "port_id": "ge-0/0/8",
                    "port_usage": null,
                    "redundancy_state": null,
                    "rx_bytes": 0,
                    "rx_pkts": 0,
                    "servp_info": null,
                    "tx_bytes": 0,
                    "tx_pkts": 0,
                    "up": false,
                    "vlan": null,
                    "wan_name": null,
                    "wan_type": null
                  },
                  "ge-0/0/9.0": {
                    "address_mode": null,
                    "ips": null,
                    "nat_addresses": null,
                    "network_name": null,
                    "port_id": "ge-0/0/9",
                    "port_usage": null,
                    "redundancy_state": null,
                    "rx_bytes": 0,
                    "rx_pkts": 0,
                    "servp_info": null,
                    "tx_bytes": 0,
                    "tx_pkts": 0,
                    "up": false,
                    "vlan": null,
                    "wan_name": null,
                    "wan_type": null
                  },
                  "irb.0": {
                    "address_mode": null,
                    "ips": [
                      "192.168.98.7/24"
                    ],
                    "nat_addresses": null,
                    "network_name": null,
                    "port_id": "irb",
                    "port_usage": null,
                    "redundancy_state": null,
                    "rx_bytes": 671867,
                    "rx_pkts": 1808,
                    "servp_info": {
                      "asn": null,
                      "city": null,
                      "country_code": null,
                      "latitude": null,
                      "longitude": null,
                      "org": null,
                      "region_code": null
                    },
                    "tx_bytes": 26729,
                    "tx_pkts": 241,
                    "up": true,
                    "vlan": 1,
                    "wan_name": null,
                    "wan_type": null
                  },
                  "lo0.16385": {
                    "address_mode": null,
                    "ips": null,
                    "nat_addresses": null,
                    "network_name": null,
                    "port_id": "lo0",
                    "port_usage": null,
                    "redundancy_state": null,
                    "rx_bytes": 7603288553,
                    "rx_pkts": 71857586,
                    "servp_info": null,
                    "tx_bytes": 7603288553,
                    "tx_pkts": 71857586,
                    "up": true,
                    "vlan": null,
                    "wan_name": null,
                    "wan_type": null
                  },
                  "me0.0": {
                    "address_mode": null,
                    "ips": null,
                    "nat_addresses": null,
                    "network_name": null,
                    "port_id": "me0",
                    "port_usage": null,
                    "redundancy_state": null,
                    "rx_bytes": 759854844,
                    "rx_pkts": 8366544,
                    "servp_info": null,
                    "tx_bytes": 2287876732,
                    "tx_pkts": 4077758,
                    "up": true,
                    "vlan": null,
                    "wan_name": null,
                    "wan_type": null
                  },
                  "vme.0": {
                    "address_mode": null,
                    "ips": [
                      "172.28.4.118/24"
                    ],
                    "nat_addresses": null,
                    "network_name": null,
                    "port_id": "vme",
                    "port_usage": null,
                    "redundancy_state": null,
                    "rx_bytes": 683660832,
                    "rx_pkts": 7362170,
                    "servp_info": {
                      "asn": null,
                      "city": null,
                      "country_code": null,
                      "latitude": null,
                      "longitude": null,
                      "org": null,
                      "region_code": null
                    },
                    "tx_bytes": 2264706415,
                    "tx_pkts": 3988898,
                    "up": true,
                    "vlan": null,
                    "wan_name": null,
                    "wan_type": null
                  }
                },
                "ip": "172.28.4.118",
                "ip_stat": {
                  "dhcp_server": null,
                  "dns": null,
                  "dns_suffix": null,
                  "gateway": "172.28.4.1",
                  "gateway6": null,
                  "ip": "192.168.98.7",
                  "ip6": null,
                  "ips": {
                    "vlan1": "192.168.98.7,172.28.4.118"
                  },
                  "netmask": "255.255.255.255",
                  "netmask6": null
                },
                "last_seen": 1720867895,
                "last_trouble": {
                  "code": "108",
                  "timestamp": 1718994612
                },
                "mac": "544b8c1c72f7",
                "mac_table_stats": {
                  "mac_table_count": 7,
                  "max_mac_entries_supported": 16000
                },
                "map_id": null,
                "memory_stat": {
                  "usage": 15
                },
                "model": "EX2300-24MP",
                "modified_time": 1718993829,
                "module_stat": [
                  {
                    "backup_version": "21.4R3-S6.5",
                    "bios_version": "",
                    "cpld_version": "",
                    "errors": null,
                    "fans": [
                      {
                        "airflow": "in",
                        "name": "Fan Tray 0 Fan 0",
                        "status": "ok"
                      },
                      {
                        "airflow": "in",
                        "name": "Fan Tray 1 Fan 0",
                        "status": "ok"
                      },
                      {
                        "airflow": "in",
                        "name": "Fan Tray 2 Fan 0",
                        "status": "ok"
                      }
                    ],
                    "fpc_idx": 0,
                    "fpga_version": "",
                    "last_seen": null,
                    "model": "EX2300-24MP",
                    "optics_cpld_version": "",
                    "pending_version": "",
                    "pics": [
                      {
                        "index": 0,
                        "model_number": "EX2300-24MP",
                        "port_groups": [
                          {
                            "count": 16,
                            "type": "GE"
                          },
                          {
                            "count": 8,
                            "type": "GE"
                          }
                        ]
                      },
                      {
                        "index": 1,
                        "model_number": "EX2300-24MP",
                        "port_groups": [
                          {
                            "count": 4,
                            "type": "SFP/SFP+"
                          }
                        ]
                      }
                    ],
                    "poe": {
                      "max_power": 380,
                      "power_draw": 22.5
                    },
                    "poe_version": "1.5.0.14.0",
                    "power_cpld_version": "",
                    "psus": [
                      {
                        "name": "Power Supply 0",
                        "status": "ok"
                      }
                    ],
                    "re_fpga_version": "",
                    "recovery_version": "",
                    "serial": "XN3121110115",
                    "status": null,
                    "temperatures": [
                      {
                        "celsius": 48,
                        "name": "CPU Sensor",
                        "status": "ok"
                      },
                      {
                        "celsius": 35,
                        "name": "PSU Sensor",
                        "status": "ok"
                      }
                    ],
                    "tmc_fpga_version": "",
                    "uboot_version": "U-Boot 1.0.2-2016.01 (Apr 11 2018 - 16:47:26) 1.0.2",
                    "uptime": 1873920,
                    "vc_links": [],
                    "vc_mode": "HiGiG",
                    "vc_role": "master",
                    "vc_state": "present",
                    "version": "23.4R1-S1.5"
                  }
                ],
                "name": "sdwan-westford-switch",
                "org_id": "9777c1a0-6ef6-11e6-8bbf-02e208b2d34f",
                "route_summary_stats": {
                  "fib_routes": 2,
                  "max_unicast_routes_supported": 4096,
                  "rib_routes": 15,
                  "total_routes": 6
                },
                "serial": "XN3121110115",
                "service_stat": {},
                "site_id": "14f0fd91-8167-4db0-b024-7160a65c0e41",
                "status": "connected",
                "uptime": 1873920,
                "vc_mac": null,
                "vc_setup_info": {
                  "config_type": "nonprovisioned",
                  "err_missing_dev_id_fpc": false
                },
                "version": "23.4R1-S1.5"
              },
              {
                "ap_redundancy": {
                  "modules": null,
                  "num_aps": 1,
                  "num_aps_with_switch_redundancy": 0
                },
                "arp_table_stats": {
                  "arp_table_count": 3,
                  "max_entries_supported": 32000
                },
                "cert_expiry": null,
                "clients": [
                  {
                    "device_mac": "a4e11ab95500",
                    "hostname": null,
                    "mac": "5c5b351ec02b",
                    "port_id": "ge-0/0/9"
                  },
                  {
                    "device_mac": "a4e11ab95500",
                    "hostname": null,
                    "mac": "48bf742791f9",
                    "port_id": "ge-0/0/2"
                  },
                  {
                    "device_mac": "a4e11ab95500",
                    "hostname": null,
                    "mac": "60c78d93af0f",
                    "port_id": "ge-0/0/11"
                  }
                ],
                "clients_stats": {
                  "total": {
                    "num_aps": [
                      0
                    ],
                    "num_wired_clients": 3
                  }
                },
                "config_status": "AWAITING_CONFIRM",
                "cpu_stat": {
                  "idle": 85,
                  "interrupt": 0,
                  "load_avg": [
                    0.41,
                    0.49,
                    0.53
                  ],
                  "system": 10,
                  "user": 5
                },
                "created_time": 1679953668,
                "deviceprofile_id": null,
                "dhcpd_stat": {},
                "evpntopo_id": null,
                "fw_versions_outofsync": false,
                "fwupdate": {
                  "progress": 100,
                  "status": "success",
                  "status_id": 3037,
                  "timestamp": 1691689369.8419704,
                  "will_retry": false
                },
                "has_pcap": true,
                "hostname": "ld-cup-idf-d-desktop-22_demo",
                "hw_rev": "A",
                "id": "00000000-0000-0000-1000-a4e11ab95500",
                "if_stat": {
                  "ge-0/0/0.0": {
                    "address_mode": null,
                    "ips": null,
                    "nat_addresses": null,
                    "network_name": null,
                    "port_id": "ge-0/0/0",
                    "port_usage": null,
                    "redundancy_state": null,
                    "rx_bytes": 0,
                    "rx_pkts": 0,
                    "servp_info": null,
                    "tx_bytes": 0,
                    "tx_pkts": 0,
                    "up": true,
                    "vlan": null,
                    "wan_name": null,
                    "wan_type": null
                  },
                  "ge-0/0/1.0": {
                    "address_mode": null,
                    "ips": null,
                    "nat_addresses": null,
                    "network_name": null,
                    "port_id": "ge-0/0/1",
                    "port_usage": null,
                    "redundancy_state": null,
                    "rx_bytes": 0,
                    "rx_pkts": 0,
                    "servp_info": null,
                    "tx_bytes": 0,
                    "tx_pkts": 0,
                    "up": true,
                    "vlan": null,
                    "wan_name": null,
                    "wan_type": null
                  },
                  "ge-0/0/10.0": {
                    "address_mode": null,
                    "ips": null,
                    "nat_addresses": null,
                    "network_name": null,
                    "port_id": "ge-0/0/10",
                    "port_usage": null,
                    "redundancy_state": null,
                    "rx_bytes": 0,
                    "rx_pkts": 0,
                    "servp_info": null,
                    "tx_bytes": 0,
                    "tx_pkts": 0,
                    "up": true,
                    "vlan": null,
                    "wan_name": null,
                    "wan_type": null
                  },
                  "ge-0/0/11.0": {
                    "address_mode": null,
                    "ips": null,
                    "nat_addresses": null,
                    "network_name": null,
                    "port_id": "ge-0/0/11",
                    "port_usage": null,
                    "redundancy_state": null,
                    "rx_bytes": 0,
                    "rx_pkts": 22383518,
                    "servp_info": null,
                    "tx_bytes": 0,
                    "tx_pkts": 1803162,
                    "up": true,
                    "vlan": null,
                    "wan_name": null,
                    "wan_type": null
                  },
                  "ge-0/0/2.0": {
                    "address_mode": null,
                    "ips": null,
                    "nat_addresses": null,
                    "network_name": null,
                    "port_id": "ge-0/0/2",
                    "port_usage": null,
                    "redundancy_state": null,
                    "rx_bytes": 0,
                    "rx_pkts": 106101,
                    "servp_info": null,
                    "tx_bytes": 0,
                    "tx_pkts": 346440,
                    "up": true,
                    "vlan": null,
                    "wan_name": null,
                    "wan_type": null
                  },
                  "ge-0/0/3.0": {
                    "address_mode": null,
                    "ips": null,
                    "nat_addresses": null,
                    "network_name": null,
                    "port_id": "ge-0/0/3",
                    "port_usage": null,
                    "redundancy_state": null,
                    "rx_bytes": 0,
                    "rx_pkts": 0,
                    "servp_info": null,
                    "tx_bytes": 0,
                    "tx_pkts": 0,
                    "up": true,
                    "vlan": null,
                    "wan_name": null,
                    "wan_type": null
                  },
                  "ge-0/0/4.0": {
                    "address_mode": null,
                    "ips": null,
                    "nat_addresses": null,
                    "network_name": null,
                    "port_id": "ge-0/0/4",
                    "port_usage": null,
                    "redundancy_state": null,
                    "rx_bytes": 0,
                    "rx_pkts": 42830,
                    "servp_info": null,
                    "tx_bytes": 0,
                    "tx_pkts": 56032,
                    "up": true,
                    "vlan": null,
                    "wan_name": null,
                    "wan_type": null
                  },
                  "ge-0/0/5.0": {
                    "address_mode": null,
                    "ips": null,
                    "nat_addresses": null,
                    "network_name": null,
                    "port_id": "ge-0/0/5",
                    "port_usage": null,
                    "redundancy_state": null,
                    "rx_bytes": 0,
                    "rx_pkts": 0,
                    "servp_info": null,
                    "tx_bytes": 0,
                    "tx_pkts": 0,
                    "up": true,
                    "vlan": null,
                    "wan_name": null,
                    "wan_type": null
                  },
                  "ge-0/0/6.0": {
                    "address_mode": null,
                    "ips": null,
                    "nat_addresses": null,
                    "network_name": null,
                    "port_id": "ge-0/0/6",
                    "port_usage": null,
                    "redundancy_state": null,
                    "rx_bytes": 0,
                    "rx_pkts": 0,
                    "servp_info": null,
                    "tx_bytes": 0,
                    "tx_pkts": 0,
                    "up": true,
                    "vlan": null,
                    "wan_name": null,
                    "wan_type": null
                  },
                  "ge-0/0/7.0": {
                    "address_mode": null,
                    "ips": null,
                    "nat_addresses": null,
                    "network_name": null,
                    "port_id": "ge-0/0/7",
                    "port_usage": null,
                    "redundancy_state": null,
                    "rx_bytes": 0,
                    "rx_pkts": 0,
                    "servp_info": null,
                    "tx_bytes": 0,
                    "tx_pkts": 0,
                    "up": true,
                    "vlan": null,
                    "wan_name": null,
                    "wan_type": null
                  },
                  "ge-0/0/8.0": {
                    "address_mode": null,
                    "ips": null,
                    "nat_addresses": null,
                    "network_name": null,
                    "port_id": "ge-0/0/8",
                    "port_usage": null,
                    "redundancy_state": null,
                    "rx_bytes": 0,
                    "rx_pkts": 0,
                    "servp_info": null,
                    "tx_bytes": 0,
                    "tx_pkts": 0,
                    "up": true,
                    "vlan": null,
                    "wan_name": null,
                    "wan_type": null
                  },
                  "ge-0/0/9.0": {
                    "address_mode": null,
                    "ips": null,
                    "nat_addresses": null,
                    "network_name": null,
                    "port_id": "ge-0/0/9",
                    "port_usage": null,
                    "redundancy_state": null,
                    "rx_bytes": 0,
                    "rx_pkts": 388047,
                    "servp_info": null,
                    "tx_bytes": 0,
                    "tx_pkts": 343195,
                    "up": true,
                    "vlan": null,
                    "wan_name": null,
                    "wan_type": null
                  },
                  "irb.0": {
                    "address_mode": null,
                    "ips": [
                      "10.100.1.62/23"
                    ],
                    "nat_addresses": null,
                    "network_name": null,
                    "port_id": "irb",
                    "port_usage": null,
                    "redundancy_state": null,
                    "rx_bytes": 0,
                    "rx_pkts": 6993385,
                    "servp_info": {
                      "asn": null,
                      "city": null,
                      "country_code": null,
                      "latitude": null,
                      "longitude": null,
                      "org": null,
                      "region_code": null
                    },
                    "tx_bytes": 0,
                    "tx_pkts": 1463108,
                    "up": true,
                    "vlan": 1,
                    "wan_name": null,
                    "wan_type": null
                  },
                  "irb.10": {
                    "address_mode": null,
                    "ips": [
                      "1.1.1.1/24"
                    ],
                    "nat_addresses": null,
                    "network_name": null,
                    "port_id": "irb",
                    "port_usage": null,
                    "redundancy_state": null,
                    "rx_bytes": 0,
                    "rx_pkts": 0,
                    "servp_info": {
                      "asn": "AS13335",
                      "city": "Sydney",
                      "country_code": "AU",
                      "latitude": -33.859337,
                      "longitude": 151.20363,
                      "org": "CLOUDFLARENET",
                      "region_code": "NSW"
                    },
                    "tx_bytes": 0,
                    "tx_pkts": 0,
                    "up": true,
                    "vlan": 10,
                    "wan_name": null,
                    "wan_type": null
                  },
                  "lo0.16385": {
                    "address_mode": null,
                    "ips": null,
                    "nat_addresses": null,
                    "network_name": null,
                    "port_id": "lo0",
                    "port_usage": null,
                    "redundancy_state": null,
                    "rx_bytes": 0,
                    "rx_pkts": 536954047,
                    "servp_info": null,
                    "tx_bytes": 0,
                    "tx_pkts": 536954047,
                    "up": true,
                    "vlan": null,
                    "wan_name": null,
                    "wan_type": null
                  },
                  "me0.0": {
                    "address_mode": null,
                    "ips": null,
                    "nat_addresses": null,
                    "network_name": null,
                    "port_id": "me0",
                    "port_usage": null,
                    "redundancy_state": null,
                    "rx_bytes": 0,
                    "rx_pkts": 0,
                    "servp_info": null,
                    "tx_bytes": 0,
                    "tx_pkts": 0,
                    "up": true,
                    "vlan": null,
                    "wan_name": null,
                    "wan_type": null
                  },
                  "vme.0": {
                    "address_mode": null,
                    "ips": null,
                    "nat_addresses": null,
                    "network_name": null,
                    "port_id": "vme",
                    "port_usage": null,
                    "redundancy_state": null,
                    "rx_bytes": 0,
                    "rx_pkts": 0,
                    "servp_info": null,
                    "tx_bytes": 0,
                    "tx_pkts": 0,
                    "up": true,
                    "vlan": null,
                    "wan_name": null,
                    "wan_type": null
                  }
                },
                "ip": "10.100.1.62",
                "ip_stat": {
                  "dhcp_server": null,
                  "dns": null,
                  "dns_suffix": null,
                  "gateway": "10.100.0.1",
                  "gateway6": null,
                  "ip": "10.100.1.62",
                  "ip6": null,
                  "ips": {
                    "vlan1": "10.100.1.62",
                    "vlan10": "1.1.1.1"
                  },
                  "netmask": "255.255.255.255",
                  "netmask6": null
                },
                "last_seen": 1720867913,
                "last_trouble": null,
                "mac": "a4e11ab95500",
                "mac_table_stats": {
                  "mac_table_count": 39,
                  "max_mac_entries_supported": 64000
                },
                "map_id": null,
                "memory_stat": {
                  "usage": 18
                },
                "model": "EX4100-F-12P",
                "modified_time": 1717601357,
                "module_stat": [
                  {
                    "backup_version": "",
                    "bios_version": "",
                    "cpld_version": "",
                    "errors": null,
                    "fans": [],
                    "fpc_idx": 0,
                    "fpga_version": "",
                    "last_seen": null,
                    "model": "EX4100-F-12P",
                    "optics_cpld_version": "",
                    "pending_version": "",
                    "pics": [
                      {
                        "index": 0,
                        "model_number": "EX4100-F-12P",
                        "port_groups": [
                          {
                            "count": 12,
                            "type": "GE"
                          }
                        ]
                      },
                      {
                        "index": 1,
                        "model_number": "EX4100-F-12P",
                        "port_groups": [
                          {
                            "count": 4,
                            "type": "SFP/SFP+"
                          }
                        ]
                      },
                      {
                        "index": 2,
                        "model_number": "EX4100-F-12P",
                        "port_groups": [
                          {
                            "count": 2,
                            "type": "GE"
                          }
                        ]
                      }
                    ],
                    "poe": {
                      "max_power": 180,
                      "power_draw": 12.8
                    },
                    "poe_version": "",
                    "power_cpld_version": "",
                    "psus": [
                      {
                        "name": "Power Supply 0",
                        "status": "ok"
                      },
                      {
                        "name": "Power Supply 1",
                        "status": "absent"
                      },
                      {
                        "name": "Power Supply 2",
                        "status": "absent"
                      }
                    ],
                    "re_fpga_version": "",
                    "recovery_version": "22.4R2-S1.6",
                    "serial": "FJ0223AV0068",
                    "status": null,
                    "temperatures": [
                      {
                        "celsius": 47,
                        "name": "Thermal board Sensor 1",
                        "status": "ok"
                      },
                      {
                        "celsius": 47,
                        "name": "Thermal board Sensor 2",
                        "status": "ok"
                      },
                      {
                        "celsius": 47,
                        "name": "Thermal board Sensor 3",
                        "status": "ok"
                      },
                      {
                        "celsius": 54,
                        "name": "PFE Die Sensor",
                        "status": "ok"
                      }
                    ],
                    "tmc_fpga_version": "",
                    "uboot_version": "",
                    "uptime": 9467700,
                    "vc_links": [],
                    "vc_mode": "HiGiG",
                    "vc_role": "master",
                    "vc_state": "present",
                    "version": "22.4R2-S1.6"
                  }
                ],
                "name": "ld-cup-idf-d-desktop-22_demo",
                "org_id": "9777c1a0-6ef6-11e6-8bbf-02e208b2d34f",
                "route_summary_stats": {
                  "fib_routes": 2,
                  "max_unicast_routes_supported": 32150,
                  "rib_routes": 16,
                  "total_routes": 5
                },
                "serial": "FJ0223AV0068",
                "service_stat": {},
                "site_id": "978c48e6-6ef6-11e6-8bbf-02e208b2d34f",
                "status": "connected",
                "uptime": 9467704,
                "vc_mac": null,
                "vc_setup_info": {
                  "config_type": "nonprovisioned",
                  "err_missing_dev_id_fpc": false
                },
                "version": "22.4R2-S1.6"
              },
              {
                "ap_redundancy": {
                  "modules": null,
                  "num_aps": 1,
                  "num_aps_with_switch_redundancy": 0
                },
                "arp_table_stats": {
                  "arp_table_count": 3,
                  "max_entries_supported": 64000
                },
                "cert_expiry": null,
                "clients": [
                  {
                    "device_mac": "d007caf52100",
                    "hostname": null,
                    "mac": "005056be2232",
                    "port_id": "ge-0/0/1"
                  },
                  {
                    "device_mac": "d007caf52100",
                    "hostname": null,
                    "mac": "005056be29b8",
                    "port_id": "ge-0/0/3"
                  },
                  {
                    "device_mac": "d007caf52100",
                    "hostname": null,
                    "mac": "5c5b35d0077b",
                    "port_id": "ge-0/0/4"
                  },
                  {
                    "device_mac": "d007caf52100",
                    "hostname": null,
                    "mac": "005056bef830",
                    "port_id": "ge-0/0/0"
                  }
                ],
                "clients_stats": {
                  "total": {
                    "num_aps": [
                      1
                    ],
                    "num_wired_clients": 4
                  }
                },
                "config_status": "NO_CHANGE",
                "cpu_stat": {
                  "idle": 89,
                  "interrupt": 0,
                  "load_avg": [
                    0.37,
                    0.3,
                    0.26
                  ],
                  "system": 3,
                  "user": 8
                },
                "created_time": 1718227854,
                "deviceprofile_id": null,
                "dhcpd_stat": {},
                "evpntopo_id": null,
                "fw_versions_outofsync": false,
                "fwupdate": null,
                "has_pcap": false,
                "hostname": "Phoenix-Switch",
                "hw_rev": "",
                "id": "00000000-0000-0000-1000-d007caf52100",
                "if_stat": {
                  "ge-0/0/0.0": {
                    "address_mode": null,
                    "ips": null,
                    "nat_addresses": null,
                    "network_name": null,
                    "port_id": "ge-0/0/0",
                    "port_usage": null,
                    "redundancy_state": null,
                    "rx_bytes": 1596224,
                    "rx_pkts": 24962,
                    "servp_info": null,
                    "tx_bytes": 27303774,
                    "tx_pkts": 80540,
                    "up": true,
                    "vlan": null,
                    "wan_name": null,
                    "wan_type": null
                  },
                  "ge-0/0/1.0": {
                    "address_mode": null,
                    "ips": null,
                    "nat_addresses": null,
                    "network_name": null,
                    "port_id": "ge-0/0/1",
                    "port_usage": null,
                    "redundancy_state": null,
                    "rx_bytes": 18571144,
                    "rx_pkts": 97967,
                    "servp_info": null,
                    "tx_bytes": 27285343,
                    "tx_pkts": 80490,
                    "up": true,
                    "vlan": null,
                    "wan_name": null,
                    "wan_type": null
                  },
                  "ge-0/0/10.0": {
                    "address_mode": null,
                    "ips": null,
                    "nat_addresses": null,
                    "network_name": null,
                    "port_id": "ge-0/0/10",
                    "port_usage": null,
                    "redundancy_state": null,
                    "rx_bytes": 0,
                    "rx_pkts": 0,
                    "servp_info": null,
                    "tx_bytes": 0,
                    "tx_pkts": 0,
                    "up": false,
                    "vlan": null,
                    "wan_name": null,
                    "wan_type": null
                  },
                  "ge-0/0/11.0": {
                    "address_mode": null,
                    "ips": null,
                    "nat_addresses": null,
                    "network_name": null,
                    "port_id": "ge-0/0/11",
                    "port_usage": null,
                    "redundancy_state": null,
                    "rx_bytes": 0,
                    "rx_pkts": 0,
                    "servp_info": null,
                    "tx_bytes": 0,
                    "tx_pkts": 0,
                    "up": false,
                    "vlan": null,
                    "wan_name": null,
                    "wan_type": null
                  },
                  "ge-0/0/12.0": {
                    "address_mode": null,
                    "ips": null,
                    "nat_addresses": null,
                    "network_name": null,
                    "port_id": "ge-0/0/12",
                    "port_usage": null,
                    "redundancy_state": null,
                    "rx_bytes": 0,
                    "rx_pkts": 0,
                    "servp_info": null,
                    "tx_bytes": 0,
                    "tx_pkts": 0,
                    "up": false,
                    "vlan": null,
                    "wan_name": null,
                    "wan_type": null
                  },
                  "ge-0/0/13.0": {
                    "address_mode": null,
                    "ips": null,
                    "nat_addresses": null,
                    "network_name": null,
                    "port_id": "ge-0/0/13",
                    "port_usage": null,
                    "redundancy_state": null,
                    "rx_bytes": 0,
                    "rx_pkts": 0,
                    "servp_info": null,
                    "tx_bytes": 0,
                    "tx_pkts": 0,
                    "up": false,
                    "vlan": null,
                    "wan_name": null,
                    "wan_type": null
                  },
                  "ge-0/0/14.0": {
                    "address_mode": null,
                    "ips": null,
                    "nat_addresses": null,
                    "network_name": null,
                    "port_id": "ge-0/0/14",
                    "port_usage": null,
                    "redundancy_state": null,
                    "rx_bytes": 0,
                    "rx_pkts": 0,
                    "servp_info": null,
                    "tx_bytes": 0,
                    "tx_pkts": 0,
                    "up": false,
                    "vlan": null,
                    "wan_name": null,
                    "wan_type": null
                  },
                  "ge-0/0/15.0": {
                    "address_mode": null,
                    "ips": null,
                    "nat_addresses": null,
                    "network_name": null,
                    "port_id": "ge-0/0/15",
                    "port_usage": null,
                    "redundancy_state": null,
                    "rx_bytes": 0,
                    "rx_pkts": 0,
                    "servp_info": null,
                    "tx_bytes": 0,
                    "tx_pkts": 0,
                    "up": false,
                    "vlan": null,
                    "wan_name": null,
                    "wan_type": null
                  },
                  "ge-0/0/16.0": {
                    "address_mode": null,
                    "ips": null,
                    "nat_addresses": null,
                    "network_name": null,
                    "port_id": "ge-0/0/16",
                    "port_usage": null,
                    "redundancy_state": null,
                    "rx_bytes": 0,
                    "rx_pkts": 0,
                    "servp_info": null,
                    "tx_bytes": 0,
                    "tx_pkts": 0,
                    "up": false,
                    "vlan": null,
                    "wan_name": null,
                    "wan_type": null
                  },
                  "ge-0/0/17.0": {
                    "address_mode": null,
                    "ips": null,
                    "nat_addresses": null,
                    "network_name": null,
                    "port_id": "ge-0/0/17",
                    "port_usage": null,
                    "redundancy_state": null,
                    "rx_bytes": 0,
                    "rx_pkts": 0,
                    "servp_info": null,
                    "tx_bytes": 0,
                    "tx_pkts": 0,
                    "up": false,
                    "vlan": null,
                    "wan_name": null,
                    "wan_type": null
                  },
                  "ge-0/0/18.0": {
                    "address_mode": null,
                    "ips": null,
                    "nat_addresses": null,
                    "network_name": null,
                    "port_id": "ge-0/0/18",
                    "port_usage": null,
                    "redundancy_state": null,
                    "rx_bytes": 0,
                    "rx_pkts": 0,
                    "servp_info": null,
                    "tx_bytes": 0,
                    "tx_pkts": 0,
                    "up": false,
                    "vlan": null,
                    "wan_name": null,
                    "wan_type": null
                  },
                  "ge-0/0/19.0": {
                    "address_mode": null,
                    "ips": null,
                    "nat_addresses": null,
                    "network_name": null,
                    "port_id": "ge-0/0/19",
                    "port_usage": null,
                    "redundancy_state": null,
                    "rx_bytes": 0,
                    "rx_pkts": 0,
                    "servp_info": null,
                    "tx_bytes": 0,
                    "tx_pkts": 0,
                    "up": false,
                    "vlan": null,
                    "wan_name": null,
                    "wan_type": null
                  },
                  "ge-0/0/2.0": {
                    "address_mode": null,
                    "ips": null,
                    "nat_addresses": null,
                    "network_name": null,
                    "port_id": "ge-0/0/2",
                    "port_usage": null,
                    "redundancy_state": null,
                    "rx_bytes": 0,
                    "rx_pkts": 0,
                    "servp_info": null,
                    "tx_bytes": 0,
                    "tx_pkts": 0,
                    "up": false,
                    "vlan": null,
                    "wan_name": null,
                    "wan_type": null
                  },
                  "ge-0/0/20.0": {
                    "address_mode": null,
                    "ips": null,
                    "nat_addresses": null,
                    "network_name": null,
                    "port_id": "ge-0/0/20",
                    "port_usage": null,
                    "redundancy_state": null,
                    "rx_bytes": 0,
                    "rx_pkts": 0,
                    "servp_info": null,
                    "tx_bytes": 0,
                    "tx_pkts": 0,
                    "up": false,
                    "vlan": null,
                    "wan_name": null,
                    "wan_type": null
                  },
                  "ge-0/0/21.0": {
                    "address_mode": null,
                    "ips": null,
                    "nat_addresses": null,
                    "network_name": null,
                    "port_id": "ge-0/0/21",
                    "port_usage": null,
                    "redundancy_state": null,
                    "rx_bytes": 0,
                    "rx_pkts": 0,
                    "servp_info": null,
                    "tx_bytes": 0,
                    "tx_pkts": 0,
                    "up": false,
                    "vlan": null,
                    "wan_name": null,
                    "wan_type": null
                  },
                  "ge-0/0/22.0": {
                    "address_mode": null,
                    "ips": null,
                    "nat_addresses": null,
                    "network_name": null,
                    "port_id": "ge-0/0/22",
                    "port_usage": null,
                    "redundancy_state": null,
                    "rx_bytes": 0,
                    "rx_pkts": 0,
                    "servp_info": null,
                    "tx_bytes": 0,
                    "tx_pkts": 0,
                    "up": false,
                    "vlan": null,
                    "wan_name": null,
                    "wan_type": null
                  },
                  "ge-0/0/23.0": {
                    "address_mode": null,
                    "ips": null,
                    "nat_addresses": null,
                    "network_name": null,
                    "port_id": "ge-0/0/23",
                    "port_usage": null,
                    "redundancy_state": null,
                    "rx_bytes": 0,
                    "rx_pkts": 0,
                    "servp_info": null,
                    "tx_bytes": 0,
                    "tx_pkts": 0,
                    "up": false,
                    "vlan": null,
                    "wan_name": null,
                    "wan_type": null
                  },
                  "ge-0/0/24.0": {
                    "address_mode": null,
                    "ips": null,
                    "nat_addresses": null,
                    "network_name": null,
                    "port_id": "ge-0/0/24",
                    "port_usage": null,
                    "redundancy_state": null,
                    "rx_bytes": 0,
                    "rx_pkts": 0,
                    "servp_info": null,
                    "tx_bytes": 0,
                    "tx_pkts": 0,
                    "up": false,
                    "vlan": null,
                    "wan_name": null,
                    "wan_type": null
                  },
                  "ge-0/0/25.0": {
                    "address_mode": null,
                    "ips": null,
                    "nat_addresses": null,
                    "network_name": null,
                    "port_id": "ge-0/0/25",
                    "port_usage": null,
                    "redundancy_state": null,
                    "rx_bytes": 0,
                    "rx_pkts": 0,
                    "servp_info": null,
                    "tx_bytes": 0,
                    "tx_pkts": 0,
                    "up": false,
                    "vlan": null,
                    "wan_name": null,
                    "wan_type": null
                  },
                  "ge-0/0/26.0": {
                    "address_mode": null,
                    "ips": null,
                    "nat_addresses": null,
                    "network_name": null,
                    "port_id": "ge-0/0/26",
                    "port_usage": null,
                    "redundancy_state": null,
                    "rx_bytes": 0,
                    "rx_pkts": 0,
                    "servp_info": null,
                    "tx_bytes": 0,
                    "tx_pkts": 0,
                    "up": false,
                    "vlan": null,
                    "wan_name": null,
                    "wan_type": null
                  },
                  "ge-0/0/27.0": {
                    "address_mode": null,
                    "ips": null,
                    "nat_addresses": null,
                    "network_name": null,
                    "port_id": "ge-0/0/27",
                    "port_usage": null,
                    "redundancy_state": null,
                    "rx_bytes": 0,
                    "rx_pkts": 0,
                    "servp_info": null,
                    "tx_bytes": 0,
                    "tx_pkts": 0,
                    "up": false,
                    "vlan": null,
                    "wan_name": null,
                    "wan_type": null
                  },
                  "ge-0/0/28.0": {
                    "address_mode": null,
                    "ips": null,
                    "nat_addresses": null,
                    "network_name": null,
                    "port_id": "ge-0/0/28",
                    "port_usage": null,
                    "redundancy_state": null,
                    "rx_bytes": 0,
                    "rx_pkts": 0,
                    "servp_info": null,
                    "tx_bytes": 0,
                    "tx_pkts": 0,
                    "up": false,
                    "vlan": null,
                    "wan_name": null,
                    "wan_type": null
                  },
                  "ge-0/0/29.0": {
                    "address_mode": null,
                    "ips": null,
                    "nat_addresses": null,
                    "network_name": null,
                    "port_id": "ge-0/0/29",
                    "port_usage": null,
                    "redundancy_state": null,
                    "rx_bytes": 0,
                    "rx_pkts": 0,
                    "servp_info": null,
                    "tx_bytes": 0,
                    "tx_pkts": 0,
                    "up": false,
                    "vlan": null,
                    "wan_name": null,
                    "wan_type": null
                  },
                  "ge-0/0/3.0": {
                    "address_mode": null,
                    "ips": null,
                    "nat_addresses": null,
                    "network_name": null,
                    "port_id": "ge-0/0/3",
                    "port_usage": null,
                    "redundancy_state": null,
                    "rx_bytes": 2832064,
                    "rx_pkts": 44266,
                    "servp_info": null,
                    "tx_bytes": 27289839,
                    "tx_pkts": 80501,
                    "up": true,
                    "vlan": null,
                    "wan_name": null,
                    "wan_type": null
                  },
                  "ge-0/0/30.0": {
                    "address_mode": null,
                    "ips": null,
                    "nat_addresses": null,
                    "network_name": null,
                    "port_id": "ge-0/0/30",
                    "port_usage": null,
                    "redundancy_state": null,
                    "rx_bytes": 0,
                    "rx_pkts": 0,
                    "servp_info": null,
                    "tx_bytes": 0,
                    "tx_pkts": 0,
                    "up": false,
                    "vlan": null,
                    "wan_name": null,
                    "wan_type": null
                  },
                  "ge-0/0/31.0": {
                    "address_mode": null,
                    "ips": null,
                    "nat_addresses": null,
                    "network_name": null,
                    "port_id": "ge-0/0/31",
                    "port_usage": null,
                    "redundancy_state": null,
                    "rx_bytes": 0,
                    "rx_pkts": 0,
                    "servp_info": null,
                    "tx_bytes": 0,
                    "tx_pkts": 0,
                    "up": false,
                    "vlan": null,
                    "wan_name": null,
                    "wan_type": null
                  },
                  "ge-0/0/32.0": {
                    "address_mode": null,
                    "ips": null,
                    "nat_addresses": null,
                    "network_name": null,
                    "port_id": "ge-0/0/32",
                    "port_usage": null,
                    "redundancy_state": null,
                    "rx_bytes": 0,
                    "rx_pkts": 0,
                    "servp_info": null,
                    "tx_bytes": 0,
                    "tx_pkts": 0,
                    "up": false,
                    "vlan": null,
                    "wan_name": null,
                    "wan_type": null
                  },
                  "ge-0/0/33.0": {
                    "address_mode": null,
                    "ips": null,
                    "nat_addresses": null,
                    "network_name": null,
                    "port_id": "ge-0/0/33",
                    "port_usage": null,
                    "redundancy_state": null,
                    "rx_bytes": 0,
                    "rx_pkts": 0,
                    "servp_info": null,
                    "tx_bytes": 0,
                    "tx_pkts": 0,
                    "up": false,
                    "vlan": null,
                    "wan_name": null,
                    "wan_type": null
                  },
                  "ge-0/0/34.0": {
                    "address_mode": null,
                    "ips": null,
                    "nat_addresses": null,
                    "network_name": null,
                    "port_id": "ge-0/0/34",
                    "port_usage": null,
                    "redundancy_state": null,
                    "rx_bytes": 0,
                    "rx_pkts": 0,
                    "servp_info": null,
                    "tx_bytes": 0,
                    "tx_pkts": 0,
                    "up": false,
                    "vlan": null,
                    "wan_name": null,
                    "wan_type": null
                  },
                  "ge-0/0/35.0": {
                    "address_mode": null,
                    "ips": null,
                    "nat_addresses": null,
                    "network_name": null,
                    "port_id": "ge-0/0/35",
                    "port_usage": null,
                    "redundancy_state": null,
                    "rx_bytes": 0,
                    "rx_pkts": 0,
                    "servp_info": null,
                    "tx_bytes": 0,
                    "tx_pkts": 0,
                    "up": false,
                    "vlan": null,
                    "wan_name": null,
                    "wan_type": null
                  },
                  "ge-0/0/36.0": {
                    "address_mode": null,
                    "ips": null,
                    "nat_addresses": null,
                    "network_name": null,
                    "port_id": "ge-0/0/36",
                    "port_usage": null,
                    "redundancy_state": null,
                    "rx_bytes": 0,
                    "rx_pkts": 0,
                    "servp_info": null,
                    "tx_bytes": 0,
                    "tx_pkts": 0,
                    "up": false,
                    "vlan": null,
                    "wan_name": null,
                    "wan_type": null
                  },
                  "ge-0/0/37.0": {
                    "address_mode": null,
                    "ips": null,
                    "nat_addresses": null,
                    "network_name": null,
                    "port_id": "ge-0/0/37",
                    "port_usage": null,
                    "redundancy_state": null,
                    "rx_bytes": 0,
                    "rx_pkts": 0,
                    "servp_info": null,
                    "tx_bytes": 0,
                    "tx_pkts": 0,
                    "up": false,
                    "vlan": null,
                    "wan_name": null,
                    "wan_type": null
                  },
                  "ge-0/0/38.0": {
                    "address_mode": null,
                    "ips": null,
                    "nat_addresses": null,
                    "network_name": null,
                    "port_id": "ge-0/0/38",
                    "port_usage": null,
                    "redundancy_state": null,
                    "rx_bytes": 0,
                    "rx_pkts": 0,
                    "servp_info": null,
                    "tx_bytes": 0,
                    "tx_pkts": 0,
                    "up": false,
                    "vlan": null,
                    "wan_name": null,
                    "wan_type": null
                  },
                  "ge-0/0/39.0": {
                    "address_mode": null,
                    "ips": null,
                    "nat_addresses": null,
                    "network_name": null,
                    "port_id": "ge-0/0/39",
                    "port_usage": null,
                    "redundancy_state": null,
                    "rx_bytes": 0,
                    "rx_pkts": 0,
                    "servp_info": null,
                    "tx_bytes": 0,
                    "tx_pkts": 0,
                    "up": false,
                    "vlan": null,
                    "wan_name": null,
                    "wan_type": null
                  },
                  "ge-0/0/4.0": {
                    "address_mode": null,
                    "ips": null,
                    "nat_addresses": null,
                    "network_name": null,
                    "port_id": "ge-0/0/4",
                    "port_usage": null,
                    "redundancy_state": null,
                    "rx_bytes": 31651362,
                    "rx_pkts": 160951,
                    "servp_info": null,
                    "tx_bytes": 27305110,
                    "tx_pkts": 80915,
                    "up": true,
                    "vlan": null,
                    "wan_name": null,
                    "wan_type": null
                  },
                  "ge-0/0/40.0": {
                    "address_mode": null,
                    "ips": null,
                    "nat_addresses": null,
                    "network_name": null,
                    "port_id": "ge-0/0/40",
                    "port_usage": null,
                    "redundancy_state": null,
                    "rx_bytes": 0,
                    "rx_pkts": 0,
                    "servp_info": null,
                    "tx_bytes": 0,
                    "tx_pkts": 0,
                    "up": false,
                    "vlan": null,
                    "wan_name": null,
                    "wan_type": null
                  },
                  "ge-0/0/41.0": {
                    "address_mode": null,
                    "ips": null,
                    "nat_addresses": null,
                    "network_name": null,
                    "port_id": "ge-0/0/41",
                    "port_usage": null,
                    "redundancy_state": null,
                    "rx_bytes": 0,
                    "rx_pkts": 0,
                    "servp_info": null,
                    "tx_bytes": 0,
                    "tx_pkts": 0,
                    "up": false,
                    "vlan": null,
                    "wan_name": null,
                    "wan_type": null
                  },
                  "ge-0/0/42.0": {
                    "address_mode": null,
                    "ips": null,
                    "nat_addresses": null,
                    "network_name": null,
                    "port_id": "ge-0/0/42",
                    "port_usage": null,
                    "redundancy_state": null,
                    "rx_bytes": 0,
                    "rx_pkts": 0,
                    "servp_info": null,
                    "tx_bytes": 0,
                    "tx_pkts": 0,
                    "up": false,
                    "vlan": null,
                    "wan_name": null,
                    "wan_type": null
                  },
                  "ge-0/0/43.0": {
                    "address_mode": null,
                    "ips": null,
                    "nat_addresses": null,
                    "network_name": null,
                    "port_id": "ge-0/0/43",
                    "port_usage": null,
                    "redundancy_state": null,
                    "rx_bytes": 0,
                    "rx_pkts": 0,
                    "servp_info": null,
                    "tx_bytes": 0,
                    "tx_pkts": 0,
                    "up": false,
                    "vlan": null,
                    "wan_name": null,
                    "wan_type": null
                  },
                  "ge-0/0/44.0": {
                    "address_mode": null,
                    "ips": null,
                    "nat_addresses": null,
                    "network_name": null,
                    "port_id": "ge-0/0/44",
                    "port_usage": null,
                    "redundancy_state": null,
                    "rx_bytes": 0,
                    "rx_pkts": 0,
                    "servp_info": null,
                    "tx_bytes": 0,
                    "tx_pkts": 0,
                    "up": false,
                    "vlan": null,
                    "wan_name": null,
                    "wan_type": null
                  },
                  "ge-0/0/45.0": {
                    "address_mode": null,
                    "ips": null,
                    "nat_addresses": null,
                    "network_name": null,
                    "port_id": "ge-0/0/45",
                    "port_usage": null,
                    "redundancy_state": null,
                    "rx_bytes": 0,
                    "rx_pkts": 0,
                    "servp_info": null,
                    "tx_bytes": 0,
                    "tx_pkts": 0,
                    "up": false,
                    "vlan": null,
                    "wan_name": null,
                    "wan_type": null
                  },
                  "ge-0/0/46.0": {
                    "address_mode": null,
                    "ips": null,
                    "nat_addresses": null,
                    "network_name": null,
                    "port_id": "ge-0/0/46",
                    "port_usage": null,
                    "redundancy_state": null,
                    "rx_bytes": 0,
                    "rx_pkts": 0,
                    "servp_info": null,
                    "tx_bytes": 0,
                    "tx_pkts": 0,
                    "up": false,
                    "vlan": null,
                    "wan_name": null,
                    "wan_type": null
                  },
                  "ge-0/0/47.0": {
                    "address_mode": null,
                    "ips": null,
                    "nat_addresses": null,
                    "network_name": null,
                    "port_id": "ge-0/0/47",
                    "port_usage": null,
                    "redundancy_state": null,
                    "rx_bytes": 0,
                    "rx_pkts": 0,
                    "servp_info": null,
                    "tx_bytes": 0,
                    "tx_pkts": 0,
                    "up": false,
                    "vlan": null,
                    "wan_name": null,
                    "wan_type": null
                  },
                  "ge-0/0/5.0": {
                    "address_mode": null,
                    "ips": null,
                    "nat_addresses": null,
                    "network_name": null,
                    "port_id": "ge-0/0/5",
                    "port_usage": null,
                    "redundancy_state": null,
                    "rx_bytes": 0,
                    "rx_pkts": 0,
                    "servp_info": null,
                    "tx_bytes": 0,
                    "tx_pkts": 0,
                    "up": false,
                    "vlan": null,
                    "wan_name": null,
                    "wan_type": null
                  },
                  "ge-0/0/6.0": {
                    "address_mode": null,
                    "ips": null,
                    "nat_addresses": null,
                    "network_name": null,
                    "port_id": "ge-0/0/6",
                    "port_usage": null,
                    "redundancy_state": null,
                    "rx_bytes": 0,
                    "rx_pkts": 0,
                    "servp_info": null,
                    "tx_bytes": 0,
                    "tx_pkts": 0,
                    "up": false,
                    "vlan": null,
                    "wan_name": null,
                    "wan_type": null
                  },
                  "ge-0/0/7.0": {
                    "address_mode": null,
                    "ips": null,
                    "nat_addresses": null,
                    "network_name": null,
                    "port_id": "ge-0/0/7",
                    "port_usage": null,
                    "redundancy_state": null,
                    "rx_bytes": 0,
                    "rx_pkts": 0,
                    "servp_info": null,
                    "tx_bytes": 0,
                    "tx_pkts": 0,
                    "up": false,
                    "vlan": null,
                    "wan_name": null,
                    "wan_type": null
                  },
                  "ge-0/0/8.0": {
                    "address_mode": null,
                    "ips": null,
                    "nat_addresses": null,
                    "network_name": null,
                    "port_id": "ge-0/0/8",
                    "port_usage": null,
                    "redundancy_state": null,
                    "rx_bytes": 0,
                    "rx_pkts": 0,
                    "servp_info": null,
                    "tx_bytes": 0,
                    "tx_pkts": 0,
                    "up": false,
                    "vlan": null,
                    "wan_name": null,
                    "wan_type": null
                  },
                  "ge-0/0/9.0": {
                    "address_mode": null,
                    "ips": null,
                    "nat_addresses": null,
                    "network_name": null,
                    "port_id": "ge-0/0/9",
                    "port_usage": null,
                    "redundancy_state": null,
                    "rx_bytes": 0,
                    "rx_pkts": 0,
                    "servp_info": null,
                    "tx_bytes": 0,
                    "tx_pkts": 0,
                    "up": false,
                    "vlan": null,
                    "wan_name": null,
                    "wan_type": null
                  },
                  "irb.0": {
                    "address_mode": null,
                    "ips": [
                      "192.168.95.8/24"
                    ],
                    "nat_addresses": null,
                    "network_name": null,
                    "port_id": "irb",
                    "port_usage": null,
                    "redundancy_state": null,
                    "rx_bytes": 4764457,
                    "rx_pkts": 21039,
                    "servp_info": {
                      "asn": null,
                      "city": null,
                      "country_code": null,
                      "latitude": null,
                      "longitude": null,
                      "org": null,
                      "region_code": null
                    },
                    "tx_bytes": 39002,
                    "tx_pkts": 484,
                    "up": true,
                    "vlan": 1,
                    "wan_name": null,
                    "wan_type": null
                  },
                  "lo0.16385": {
                    "address_mode": null,
                    "ips": null,
                    "nat_addresses": null,
                    "network_name": null,
                    "port_id": "lo0",
                    "port_usage": null,
                    "redundancy_state": null,
                    "rx_bytes": 20383208778,
                    "rx_pkts": 95643412,
                    "servp_info": null,
                    "tx_bytes": 20383208778,
                    "tx_pkts": 95643412,
                    "up": true,
                    "vlan": null,
                    "wan_name": null,
                    "wan_type": null
                  },
                  "me0.0": {
                    "address_mode": null,
                    "ips": null,
                    "nat_addresses": null,
                    "network_name": null,
                    "port_id": "me0",
                    "port_usage": null,
                    "redundancy_state": null,
                    "rx_bytes": 1990529107,
                    "rx_pkts": 26641061,
                    "servp_info": null,
                    "tx_bytes": 9655367509,
                    "tx_pkts": 39447979,
                    "up": true,
                    "vlan": null,
                    "wan_name": null,
                    "wan_type": null
                  },
                  "vme.0": {
                    "address_mode": null,
                    "ips": [
                      "100.123.105.1/16"
                    ],
                    "nat_addresses": null,
                    "network_name": null,
                    "port_id": "vme",
                    "port_usage": null,
                    "redundancy_state": null,
                    "rx_bytes": 1990308695,
                    "rx_pkts": 26637394,
                    "servp_info": {
                      "asn": null,
                      "city": null,
                      "country_code": null,
                      "latitude": null,
                      "longitude": null,
                      "org": null,
                      "region_code": null
                    },
                    "tx_bytes": 9632185865,
                    "tx_pkts": 39367487,
                    "up": true,
                    "vlan": null,
                    "wan_name": null,
                    "wan_type": null
                  },
                  "xe-0/2/0.0": {
                    "address_mode": null,
                    "ips": null,
                    "nat_addresses": null,
                    "network_name": null,
                    "port_id": "xe-0/2/0",
                    "port_usage": null,
                    "redundancy_state": null,
                    "rx_bytes": 0,
                    "rx_pkts": 0,
                    "servp_info": null,
                    "tx_bytes": 0,
                    "tx_pkts": 0,
                    "up": false,
                    "vlan": null,
                    "wan_name": null,
                    "wan_type": null
                  },
                  "xe-0/2/1.0": {
                    "address_mode": null,
                    "ips": null,
                    "nat_addresses": null,
                    "network_name": null,
                    "port_id": "xe-0/2/1",
                    "port_usage": null,
                    "redundancy_state": null,
                    "rx_bytes": 0,
                    "rx_pkts": 0,
                    "servp_info": null,
                    "tx_bytes": 0,
                    "tx_pkts": 0,
                    "up": false,
                    "vlan": null,
                    "wan_name": null,
                    "wan_type": null
                  },
                  "xe-0/2/2.0": {
                    "address_mode": null,
                    "ips": null,
                    "nat_addresses": null,
                    "network_name": null,
                    "port_id": "xe-0/2/2",
                    "port_usage": null,
                    "redundancy_state": null,
                    "rx_bytes": 0,
                    "rx_pkts": 0,
                    "servp_info": null,
                    "tx_bytes": 0,
                    "tx_pkts": 0,
                    "up": false,
                    "vlan": null,
                    "wan_name": null,
                    "wan_type": null
                  },
                  "xe-0/2/3.0": {
                    "address_mode": null,
                    "ips": null,
                    "nat_addresses": null,
                    "network_name": null,
                    "port_id": "xe-0/2/3",
                    "port_usage": null,
                    "redundancy_state": null,
                    "rx_bytes": 0,
                    "rx_pkts": 0,
                    "servp_info": null,
                    "tx_bytes": 0,
                    "tx_pkts": 0,
                    "up": false,
                    "vlan": null,
                    "wan_name": null,
                    "wan_type": null
                  }
                },
                "ip": "100.123.105.1",
                "ip_stat": {
                  "dhcp_server": null,
                  "dns": null,
                  "dns_suffix": null,
                  "gateway": "100.123.0.1",
                  "gateway6": null,
                  "ip": "192.168.95.8",
                  "ip6": null,
                  "ips": {
                    "vlan1": "192.168.95.8,100.123.105.1"
                  },
                  "netmask": "255.255.255.255",
                  "netmask6": null
                },
                "last_seen": 1720867901,
                "last_trouble": null,
                "mac": "d007caf52100",
                "mac_table_stats": {
                  "mac_table_count": 5,
                  "max_mac_entries_supported": 64000
                },
                "map_id": null,
                "memory_stat": {
                  "usage": 68
                },
                "model": "EX4300-48T",
                "modified_time": 1718451552,
                "module_stat": [
                  {
                    "backup_version": "20.4R3-S7.2",
                    "bios_version": "",
                    "cpld_version": "",
                    "errors": null,
                    "fans": [
                      {
                        "airflow": "out",
                        "name": "Fan 0",
                        "status": "ok"
                      },
                      {
                        "airflow": "out",
                        "name": "Fan 1",
                        "status": "ok"
                      }
                    ],
                    "fpc_idx": 0,
                    "fpga_version": "",
                    "last_seen": null,
                    "model": "EX4300-48T",
                    "optics_cpld_version": "",
                    "pending_version": "",
                    "pics": [
                      {
                        "index": 0,
                        "model_number": "EX4300-48T",
                        "port_groups": [
                          {
                            "count": 48,
                            "type": "GE"
                          }
                        ]
                      },
                      {
                        "index": 1,
                        "model_number": "EX4300-48T",
                        "port_groups": [
                          {
                            "count": 4,
                            "type": "QSFP/QSFP+"
                          }
                        ]
                      },
                      {
                        "index": 2,
                        "model_number": "EX-UM-4X4SFP",
                        "port_groups": [
                          {
                            "count": 4,
                            "type": "SFP/SFP+"
                          }
                        ]
                      }
                    ],
                    "poe": {
                      "max_power": null,
                      "power_draw": null
                    },
                    "poe_version": "",
                    "power_cpld_version": "",
                    "psus": [
                      {
                        "name": "Power Supply 0",
                        "status": "ok"
                      },
                      {
                        "name": "Power Supply 1",
                        "status": "absent"
                      }
                    ],
                    "re_fpga_version": "",
                    "recovery_version": "20.4R3-S7.2",
                    "serial": "PE3717390301",
                    "status": null,
                    "temperatures": [
                      {
                        "celsius": 55,
                        "name": "CPU",
                        "status": "ok"
                      },
                      {
                        "celsius": 42,
                        "name": "NW-PFE",
                        "status": "ok"
                      },
                      {
                        "celsius": 41,
                        "name": "SE-PFE",
                        "status": "ok"
                      },
                      {
                        "celsius": 35,
                        "name": "PHY-2/3",
                        "status": "ok"
                      },
                      {
                        "celsius": 45,
                        "name": "MGMT PHY",
                        "status": "ok"
                      },
                      {
                        "celsius": 39,
                        "name": "PHY-4/5",
                        "status": "ok"
                      }
                    ],
                    "tmc_fpga_version": "",
                    "uboot_version": "",
                    "uptime": 2234279,
                    "vc_links": [],
                    "vc_mode": "",
                    "vc_role": "master",
                    "vc_state": "present",
                    "version": "20.4R3-S7.2"
                  }
                ],
                "name": "Phoenix-Switch",
                "org_id": "9777c1a0-6ef6-11e6-8bbf-02e208b2d34f",
                "route_summary_stats": {
                  "fib_routes": 2,
                  "max_unicast_routes_supported": 32000,
                  "rib_routes": 15,
                  "total_routes": 6
                },
                "serial": "PE3717390301",
                "service_stat": {},
                "site_id": "46fc665e-9706-4296-8fe2-78f42f2e67e4",
                "status": "connected",
                "uptime": 2234083,
                "vc_mac": null,
                "vc_setup_info": {
                  "config_type": "nonprovisioned",
                  "err_missing_dev_id_fpc": false
                },
                "version": "20.4R3-S7.2"
              },
              {
                "ap_redundancy": {
                  "modules": null,
                  "num_aps": 1,
                  "num_aps_with_switch_redundancy": 0
                },
                "arp_table_stats": {
                  "arp_table_count": 5,
                  "max_entries_supported": 16000
                },
                "cert_expiry": null,
                "clients": [
                  {
                    "device_mac": "fc3342aba84b",
                    "hostname": null,
                    "mac": "a8f7d981700c",
                    "port_id": "ge-0/0/23"
                  },
                  {
                    "device_mac": "fc3342aba84b",
                    "hostname": null,
                    "mac": "000c293a04d7",
                    "port_id": "ge-0/0/2"
                  },
                  {
                    "device_mac": "fc3342aba84b",
                    "hostname": null,
                    "mac": "fc33425e8e2f",
                    "port_id": "ge-0/0/3"
                  },
                  {
                    "device_mac": "fc3342aba84b",
                    "hostname": null,
                    "mac": "000c2991ec1c",
                    "port_id": "ge-0/0/4"
                  },
                  {
                    "device_mac": "fc3342aba84b",
                    "hostname": null,
                    "mac": "000c293a04cd",
                    "port_id": "ge-0/0/2"
                  },
                  {
                    "device_mac": "fc3342aba84b",
                    "hostname": null,
                    "mac": "000c2991ec26",
                    "port_id": "ge-0/0/4"
                  },
                  {
                    "device_mac": "fc3342aba84b",
                    "hostname": null,
                    "mac": "0010dbff0f80",
                    "port_id": "ge-0/0/10,ge-0/0/11"
                  },
                  {
                    "device_mac": "fc3342aba84b",
                    "hostname": null,
                    "mac": "0004969a29b9",
                    "port_id": "me0"
                  },
                  {
                    "device_mac": "fc3342aba84b",
                    "hostname": null,
                    "mac": "000c293bd4f9",
                    "port_id": "ge-0/0/4"
                  },
                  {
                    "device_mac": "fc3342aba84b",
                    "hostname": null,
                    "mac": "000c29991fde",
                    "port_id": "ge-0/0/2"
                  },
                  {
                    "device_mac": "fc3342aba84b",
                    "hostname": null,
                    "mac": "000c29991fe8",
                    "port_id": "ge-0/0/2"
                  },
                  {
                    "device_mac": "fc3342aba84b",
                    "hostname": null,
                    "mac": "000c293bd4ef",
                    "port_id": "ge-0/0/4"
                  }
                ],
                "clients_stats": {
                  "total": {
                    "num_aps": [
                      1
                    ],
                    "num_wired_clients": 12
                  }
                },
                "config_status": "COMMITED",
                "cpu_stat": {
                  "idle": 72,
                  "interrupt": 1,
                  "load_avg": [
                    0.5,
                    0.52,
                    0.48
                  ],
                  "system": 9,
                  "user": 19
                },
                "created_time": 1711761509,
                "deviceprofile_id": null,
                "dhcpd_stat": {},
                "evpntopo_id": null,
                "fw_versions_outofsync": false,
                "fwupdate": null,
                "has_pcap": false,
                "hostname": "wan_srx_tor-hub1-switch1",
                "hw_rev": "M",
                "id": "00000000-0000-0000-1000-fc3342aba84b",
                "if_stat": {
                  "ge-0/0/0.0": {
                    "address_mode": null,
                    "ips": null,
                    "nat_addresses": null,
                    "network_name": null,
                    "port_id": "ge-0/0/0",
                    "port_usage": null,
                    "redundancy_state": null,
                    "rx_bytes": 9984,
                    "rx_pkts": 26,
                    "servp_info": null,
                    "tx_bytes": 11076,
                    "tx_pkts": 26,
                    "up": false,
                    "vlan": null,
                    "wan_name": null,
                    "wan_type": null
                  },
                  "ge-0/0/1.0": {
                    "address_mode": null,
                    "ips": null,
                    "nat_addresses": null,
                    "network_name": null,
                    "port_id": "ge-0/0/1",
                    "port_usage": null,
                    "redundancy_state": null,
                    "rx_bytes": 0,
                    "rx_pkts": 0,
                    "servp_info": null,
                    "tx_bytes": 0,
                    "tx_pkts": 0,
                    "up": false,
                    "vlan": null,
                    "wan_name": null,
                    "wan_type": null
                  },
                  "ge-0/0/10.0": {
                    "address_mode": null,
                    "ips": null,
                    "nat_addresses": null,
                    "network_name": null,
                    "port_id": "ge-0/0/10",
                    "port_usage": null,
                    "redundancy_state": null,
                    "rx_bytes": 12673880,
                    "rx_pkts": 33808,
                    "servp_info": null,
                    "tx_bytes": 16143096,
                    "tx_pkts": 33105,
                    "up": true,
                    "vlan": null,
                    "wan_name": null,
                    "wan_type": null
                  },
                  "ge-0/0/11.0": {
                    "address_mode": null,
                    "ips": null,
                    "nat_addresses": null,
                    "network_name": null,
                    "port_id": "ge-0/0/11",
                    "port_usage": null,
                    "redundancy_state": null,
                    "rx_bytes": 31419100,
                    "rx_pkts": 91256,
                    "servp_info": null,
                    "tx_bytes": 3572945809,
                    "tx_pkts": 5226342,
                    "up": true,
                    "vlan": null,
                    "wan_name": null,
                    "wan_type": null
                  },
                  "ge-0/0/12.0": {
                    "address_mode": null,
                    "ips": null,
                    "nat_addresses": null,
                    "network_name": null,
                    "port_id": "ge-0/0/12",
                    "port_usage": null,
                    "redundancy_state": null,
                    "rx_bytes": 0,
                    "rx_pkts": 0,
                    "servp_info": null,
                    "tx_bytes": 0,
                    "tx_pkts": 0,
                    "up": false,
                    "vlan": null,
                    "wan_name": null,
                    "wan_type": null
                  },
                  "ge-0/0/13.0": {
                    "address_mode": null,
                    "ips": null,
                    "nat_addresses": null,
                    "network_name": null,
                    "port_id": "ge-0/0/13",
                    "port_usage": null,
                    "redundancy_state": null,
                    "rx_bytes": 0,
                    "rx_pkts": 0,
                    "servp_info": null,
                    "tx_bytes": 0,
                    "tx_pkts": 0,
                    "up": false,
                    "vlan": null,
                    "wan_name": null,
                    "wan_type": null
                  },
                  "ge-0/0/14.0": {
                    "address_mode": null,
                    "ips": null,
                    "nat_addresses": null,
                    "network_name": null,
                    "port_id": "ge-0/0/14",
                    "port_usage": null,
                    "redundancy_state": null,
                    "rx_bytes": 0,
                    "rx_pkts": 0,
                    "servp_info": null,
                    "tx_bytes": 0,
                    "tx_pkts": 0,
                    "up": false,
                    "vlan": null,
                    "wan_name": null,
                    "wan_type": null
                  },
                  "ge-0/0/15.0": {
                    "address_mode": null,
                    "ips": null,
                    "nat_addresses": null,
                    "network_name": null,
                    "port_id": "ge-0/0/15",
                    "port_usage": null,
                    "redundancy_state": null,
                    "rx_bytes": 0,
                    "rx_pkts": 0,
                    "servp_info": null,
                    "tx_bytes": 0,
                    "tx_pkts": 0,
                    "up": false,
                    "vlan": null,
                    "wan_name": null,
                    "wan_type": null
                  },
                  "ge-0/0/16.0": {
                    "address_mode": null,
                    "ips": null,
                    "nat_addresses": null,
                    "network_name": null,
                    "port_id": "ge-0/0/16",
                    "port_usage": null,
                    "redundancy_state": null,
                    "rx_bytes": 0,
                    "rx_pkts": 0,
                    "servp_info": null,
                    "tx_bytes": 0,
                    "tx_pkts": 0,
                    "up": false,
                    "vlan": null,
                    "wan_name": null,
                    "wan_type": null
                  },
                  "ge-0/0/17.0": {
                    "address_mode": null,
                    "ips": null,
                    "nat_addresses": null,
                    "network_name": null,
                    "port_id": "ge-0/0/17",
                    "port_usage": null,
                    "redundancy_state": null,
                    "rx_bytes": 0,
                    "rx_pkts": 0,
                    "servp_info": null,
                    "tx_bytes": 0,
                    "tx_pkts": 0,
                    "up": false,
                    "vlan": null,
                    "wan_name": null,
                    "wan_type": null
                  },
                  "ge-0/0/18.0": {
                    "address_mode": null,
                    "ips": null,
                    "nat_addresses": null,
                    "network_name": null,
                    "port_id": "ge-0/0/18",
                    "port_usage": null,
                    "redundancy_state": null,
                    "rx_bytes": 0,
                    "rx_pkts": 0,
                    "servp_info": null,
                    "tx_bytes": 0,
                    "tx_pkts": 0,
                    "up": false,
                    "vlan": null,
                    "wan_name": null,
                    "wan_type": null
                  },
                  "ge-0/0/19.0": {
                    "address_mode": null,
                    "ips": null,
                    "nat_addresses": null,
                    "network_name": null,
                    "port_id": "ge-0/0/19",
                    "port_usage": null,
                    "redundancy_state": null,
                    "rx_bytes": 0,
                    "rx_pkts": 0,
                    "servp_info": null,
                    "tx_bytes": 0,
                    "tx_pkts": 0,
                    "up": false,
                    "vlan": null,
                    "wan_name": null,
                    "wan_type": null
                  },
                  "ge-0/0/2.0": {
                    "address_mode": null,
                    "ips": null,
                    "nat_addresses": null,
                    "network_name": null,
                    "port_id": "ge-0/0/2",
                    "port_usage": null,
                    "redundancy_state": null,
                    "rx_bytes": 45151748,
                    "rx_pkts": 375083,
                    "servp_info": null,
                    "tx_bytes": 39971220,
                    "tx_pkts": 79405,
                    "up": true,
                    "vlan": null,
                    "wan_name": null,
                    "wan_type": null
                  },
                  "ge-0/0/20.0": {
                    "address_mode": null,
                    "ips": null,
                    "nat_addresses": null,
                    "network_name": null,
                    "port_id": "ge-0/0/20",
                    "port_usage": null,
                    "redundancy_state": null,
                    "rx_bytes": 0,
                    "rx_pkts": 0,
                    "servp_info": null,
                    "tx_bytes": 0,
                    "tx_pkts": 0,
                    "up": false,
                    "vlan": null,
                    "wan_name": null,
                    "wan_type": null
                  },
                  "ge-0/0/21.0": {
                    "address_mode": null,
                    "ips": null,
                    "nat_addresses": null,
                    "network_name": null,
                    "port_id": "ge-0/0/21",
                    "port_usage": null,
                    "redundancy_state": null,
                    "rx_bytes": 0,
                    "rx_pkts": 0,
                    "servp_info": null,
                    "tx_bytes": 0,
                    "tx_pkts": 0,
                    "up": false,
                    "vlan": null,
                    "wan_name": null,
                    "wan_type": null
                  },
                  "ge-0/0/22.0": {
                    "address_mode": null,
                    "ips": null,
                    "nat_addresses": null,
                    "network_name": null,
                    "port_id": "ge-0/0/22",
                    "port_usage": null,
                    "redundancy_state": null,
                    "rx_bytes": 0,
                    "rx_pkts": 0,
                    "servp_info": null,
                    "tx_bytes": 0,
                    "tx_pkts": 0,
                    "up": false,
                    "vlan": null,
                    "wan_name": null,
                    "wan_type": null
                  },
                  "ge-0/0/23.0": {
                    "address_mode": null,
                    "ips": null,
                    "nat_addresses": null,
                    "network_name": null,
                    "port_id": "ge-0/0/23",
                    "port_usage": null,
                    "redundancy_state": null,
                    "rx_bytes": 5721810,
                    "rx_pkts": 35943,
                    "servp_info": null,
                    "tx_bytes": 12950737,
                    "tx_pkts": 71425,
                    "up": true,
                    "vlan": null,
                    "wan_name": null,
                    "wan_type": null
                  },
                  "ge-0/0/3.0": {
                    "address_mode": null,
                    "ips": null,
                    "nat_addresses": null,
                    "network_name": null,
                    "port_id": "ge-0/0/3",
                    "port_usage": null,
                    "redundancy_state": null,
                    "rx_bytes": 104064359,
                    "rx_pkts": 1252874,
                    "servp_info": null,
                    "tx_bytes": 38726302,
                    "tx_pkts": 79576,
                    "up": true,
                    "vlan": null,
                    "wan_name": null,
                    "wan_type": null
                  },
                  "ge-0/0/4.0": {
                    "address_mode": null,
                    "ips": null,
                    "nat_addresses": null,
                    "network_name": null,
                    "port_id": "ge-0/0/4",
                    "port_usage": null,
                    "redundancy_state": null,
                    "rx_bytes": 49904626,
                    "rx_pkts": 427148,
                    "servp_info": null,
                    "tx_bytes": 39968284,
                    "tx_pkts": 79399,
                    "up": true,
                    "vlan": null,
                    "wan_name": null,
                    "wan_type": null
                  },
                  "ge-0/0/5.0": {
                    "address_mode": null,
                    "ips": null,
                    "nat_addresses": null,
                    "network_name": null,
                    "port_id": "ge-0/0/5",
                    "port_usage": null,
                    "redundancy_state": null,
                    "rx_bytes": 0,
                    "rx_pkts": 0,
                    "servp_info": null,
                    "tx_bytes": 0,
                    "tx_pkts": 0,
                    "up": false,
                    "vlan": null,
                    "wan_name": null,
                    "wan_type": null
                  },
                  "ge-0/0/6.0": {
                    "address_mode": null,
                    "ips": null,
                    "nat_addresses": null,
                    "network_name": null,
                    "port_id": "ge-0/0/6",
                    "port_usage": null,
                    "redundancy_state": null,
                    "rx_bytes": 0,
                    "rx_pkts": 0,
                    "servp_info": null,
                    "tx_bytes": 0,
                    "tx_pkts": 0,
                    "up": false,
                    "vlan": null,
                    "wan_name": null,
                    "wan_type": null
                  },
                  "ge-0/0/7.0": {
                    "address_mode": null,
                    "ips": null,
                    "nat_addresses": null,
                    "network_name": null,
                    "port_id": "ge-0/0/7",
                    "port_usage": null,
                    "redundancy_state": null,
                    "rx_bytes": 0,
                    "rx_pkts": 0,
                    "servp_info": null,
                    "tx_bytes": 0,
                    "tx_pkts": 0,
                    "up": false,
                    "vlan": null,
                    "wan_name": null,
                    "wan_type": null
                  },
                  "ge-0/0/8.0": {
                    "address_mode": null,
                    "ips": null,
                    "nat_addresses": null,
                    "network_name": null,
                    "port_id": "ge-0/0/8",
                    "port_usage": null,
                    "redundancy_state": null,
                    "rx_bytes": 0,
                    "rx_pkts": 0,
                    "servp_info": null,
                    "tx_bytes": 0,
                    "tx_pkts": 0,
                    "up": false,
                    "vlan": null,
                    "wan_name": null,
                    "wan_type": null
                  },
                  "ge-0/0/9.0": {
                    "address_mode": null,
                    "ips": null,
                    "nat_addresses": null,
                    "network_name": null,
                    "port_id": "ge-0/0/9",
                    "port_usage": null,
                    "redundancy_state": null,
                    "rx_bytes": 0,
                    "rx_pkts": 0,
                    "servp_info": null,
                    "tx_bytes": 0,
                    "tx_pkts": 0,
                    "up": false,
                    "vlan": null,
                    "wan_name": null,
                    "wan_type": null
                  },
                  "irb.100": {
                    "address_mode": null,
                    "ips": [
                      "10.0.100.251/24"
                    ],
                    "nat_addresses": null,
                    "network_name": null,
                    "port_id": "irb",
                    "port_usage": null,
                    "redundancy_state": null,
                    "rx_bytes": 936610752,
                    "rx_pkts": 8345312,
                    "servp_info": {
                      "asn": null,
                      "city": null,
                      "country_code": null,
                      "latitude": null,
                      "longitude": null,
                      "org": null,
                      "region_code": null
                    },
                    "tx_bytes": 3536407316,
                    "tx_pkts": 5194548,
                    "up": true,
                    "vlan": 100,
                    "wan_name": null,
                    "wan_type": null
                  },
                  "lo0.16385": {
                    "address_mode": null,
                    "ips": null,
                    "nat_addresses": null,
                    "network_name": null,
                    "port_id": "lo0",
                    "port_usage": null,
                    "redundancy_state": null,
                    "rx_bytes": 8835764544,
                    "rx_pkts": 85875963,
                    "servp_info": null,
                    "tx_bytes": 8835823346,
                    "tx_pkts": 85876079,
                    "up": true,
                    "vlan": null,
                    "wan_name": null,
                    "wan_type": null
                  },
                  "me0.0": {
                    "address_mode": null,
                    "ips": null,
                    "nat_addresses": null,
                    "network_name": null,
                    "port_id": "me0",
                    "port_usage": null,
                    "redundancy_state": null,
                    "rx_bytes": 385457463,
                    "rx_pkts": 3158738,
                    "servp_info": null,
                    "tx_bytes": 19659123,
                    "tx_pkts": 78478,
                    "up": true,
                    "vlan": null,
                    "wan_name": null,
                    "wan_type": null
                  },
                  "vme.0": {
                    "address_mode": null,
                    "ips": [
                      "192.168.0.22/24"
                    ],
                    "nat_addresses": null,
                    "network_name": null,
                    "port_id": "vme",
                    "port_usage": null,
                    "redundancy_state": null,
                    "rx_bytes": 276184590,
                    "rx_pkts": 2278876,
                    "servp_info": {
                      "asn": null,
                      "city": null,
                      "country_code": null,
                      "latitude": null,
                      "longitude": null,
                      "org": null,
                      "region_code": null
                    },
                    "tx_bytes": 802226,
                    "tx_pkts": 6494,
                    "up": true,
                    "vlan": null,
                    "wan_name": null,
                    "wan_type": null
                  }
                },
                "ip": "192.168.0.22",
                "ip_stat": {
                  "dhcp_server": null,
                  "dns": null,
                  "dns_suffix": null,
                  "gateway": "10.0.100.254",
                  "gateway6": null,
                  "ip": "10.0.100.251",
                  "ip6": null,
                  "ips": {
                    "vlan1": "192.168.0.22",
                    "vlan100": "10.0.100.251"
                  },
                  "netmask": "255.255.255.255",
                  "netmask6": null
                },
                "last_seen": 1720867911,
                "last_trouble": {
                  "code": "104",
                  "timestamp": 1718393429582
                },
                "mac": "fc3342aba84b",
                "mac_table_stats": {
                  "mac_table_count": 22,
                  "max_mac_entries_supported": 32000
                },
                "map_id": null,
                "memory_stat": {
                  "usage": 15
                },
                "model": "EX3400-24T",
                "modified_time": 1719240677,
                "module_stat": [
                  {
                    "backup_version": "",
                    "bios_version": "",
                    "cpld_version": "",
                    "errors": null,
                    "fans": [
                      {
                        "airflow": "out",
                        "name": "Fan Tray 0 Fan 0",
                        "status": "ok"
                      },
                      {
                        "airflow": "out",
                        "name": "Fan Tray 1 Fan 0",
                        "status": "ok"
                      }
                    ],
                    "fpc_idx": 0,
                    "fpga_version": "",
                    "last_seen": null,
                    "model": "EX3400-24T",
                    "optics_cpld_version": "",
                    "pending_version": "",
                    "pics": [
                      {
                        "index": 0,
                        "model_number": "EX3400-24T",
                        "port_groups": [
                          {
                            "count": 24,
                            "type": "GE"
                          }
                        ]
                      },
                      {
                        "index": 1,
                        "model_number": "EX3400-24T",
                        "port_groups": [
                          {
                            "count": 2,
                            "type": "QSFP/QSFP+"
                          }
                        ]
                      },
                      {
                        "index": 2,
                        "model_number": "EX3400-24T",
                        "port_groups": [
                          {
                            "count": 4,
                            "type": "SFP/SFP+"
                          }
                        ]
                      }
                    ],
                    "poe": {
                      "max_power": null,
                      "power_draw": null
                    },
                    "poe_version": "",
                    "power_cpld_version": "",
                    "psus": [
                      {
                        "name": "Power Supply 0",
                        "status": "ok"
                      },
                      {
                        "name": "Power Supply 1",
                        "status": "absent"
                      }
                    ],
                    "re_fpga_version": "",
                    "recovery_version": "21.4R3-S2.4",
                    "serial": "NV3619050136",
                    "status": null,
                    "temperatures": [
                      {
                        "celsius": 40,
                        "name": "CPU Sensor",
                        "status": "ok"
                      },
                      {
                        "celsius": 33,
                        "name": "PSU Sensor",
                        "status": "ok"
                      }
                    ],
                    "tmc_fpga_version": "",
                    "uboot_version": "U-Boot 2016.01-rc1 (Sep 01 2016 - 16:00:13 -0700)  1.3.0",
                    "uptime": 2206200,
                    "vc_links": [],
                    "vc_mode": "HiGiG",
                    "vc_role": "master",
                    "vc_state": "present",
                    "version": "22.4R1.10"
                  }
                ],
                "name": "wan_srx_tor-hub1-switch1",
                "org_id": "9777c1a0-6ef6-11e6-8bbf-02e208b2d34f",
                "route_summary_stats": {
                  "fib_routes": 4,
                  "max_unicast_routes_supported": 36000,
                  "rib_routes": 16,
                  "total_routes": 7
                },
                "serial": "NV3619050136",
                "service_stat": {},
                "site_id": "83c31971-ad70-4419-ae20-7f2b90748986",
                "status": "connected",
                "uptime": 2206191,
                "vc_mac": null,
                "vc_setup_info": {
                  "config_type": "nonprovisioned",
                  "err_missing_dev_id_fpc": false
                },
                "version": "22.4R1.10"
              },
              {
                "ap_redundancy": {
                  "modules": null,
                  "num_aps": 3,
                  "num_aps_with_switch_redundancy": 0
                },
                "arp_table_stats": {
                  "arp_table_count": 1,
                  "max_entries_supported": 32000
                },
                "cert_expiry": null,
                "clients": [
                  {
                    "device_mac": "60c78d93b00f",
                    "hostname": null,
                    "mac": "5c5b358e6fea",
                    "port_id": "mge-0/0/2"
                  },
                  {
                    "device_mac": "60c78d93b00f",
                    "hostname": null,
                    "mac": "60c78d93af0f",
                    "port_id": "ge-0/0/47"
                  },
                  {
                    "device_mac": "60c78d93b00f",
                    "hostname": null,
                    "mac": "a83a793018fb",
                    "port_id": "mge-0/0/1"
                  },
                  {
                    "device_mac": "60c78d93b00f",
                    "hostname": null,
                    "mac": "a83a79301a40",
                    "port_id": "mge-0/0/0"
                  }
                ],
                "clients_stats": {
                  "total": {
                    "num_aps": [
                      3
                    ],
                    "num_wired_clients": 4
                  }
                },
                "config_status": "COMMITED",
                "cpu_stat": {
                  "idle": 84,
                  "interrupt": 0,
                  "load_avg": [
                    0.64,
                    0.58,
                    0.53
                  ],
                  "system": 6,
                  "user": 11
                },
                "created_time": 1696265549,
                "deviceprofile_id": null,
                "dhcpd_stat": {},
                "evpntopo_id": null,
                "fw_versions_outofsync": false,
                "fwupdate": {
                  "progress": 100,
                  "status": "success",
                  "status_id": 3037,
                  "timestamp": 1716493099.417377,
                  "will_retry": false
                },
                "has_pcap": false,
                "hostname": "ld-cup-idf-c",
                "hw_rev": "A",
                "id": "00000000-0000-0000-1000-60c78d93b00f",
                "if_stat": {
                  "ge-0/0/16.0": {
                    "address_mode": null,
                    "ips": null,
                    "nat_addresses": null,
                    "network_name": null,
                    "port_id": "ge-0/0/16",
                    "port_usage": null,
                    "redundancy_state": null,
                    "rx_bytes": 0,
                    "rx_pkts": 0,
                    "servp_info": null,
                    "tx_bytes": 0,
                    "tx_pkts": 0,
                    "up": false,
                    "vlan": null,
                    "wan_name": null,
                    "wan_type": null
                  },
                  "ge-0/0/17.0": {
                    "address_mode": null,
                    "ips": null,
                    "nat_addresses": null,
                    "network_name": null,
                    "port_id": "ge-0/0/17",
                    "port_usage": null,
                    "redundancy_state": null,
                    "rx_bytes": 0,
                    "rx_pkts": 0,
                    "servp_info": null,
                    "tx_bytes": 0,
                    "tx_pkts": 0,
                    "up": false,
                    "vlan": null,
                    "wan_name": null,
                    "wan_type": null
                  },
                  "ge-0/0/18.0": {
                    "address_mode": null,
                    "ips": null,
                    "nat_addresses": null,
                    "network_name": null,
                    "port_id": "ge-0/0/18",
                    "port_usage": null,
                    "redundancy_state": null,
                    "rx_bytes": 0,
                    "rx_pkts": 0,
                    "servp_info": null,
                    "tx_bytes": 0,
                    "tx_pkts": 0,
                    "up": false,
                    "vlan": null,
                    "wan_name": null,
                    "wan_type": null
                  },
                  "ge-0/0/19.0": {
                    "address_mode": null,
                    "ips": null,
                    "nat_addresses": null,
                    "network_name": null,
                    "port_id": "ge-0/0/19",
                    "port_usage": null,
                    "redundancy_state": null,
                    "rx_bytes": 0,
                    "rx_pkts": 0,
                    "servp_info": null,
                    "tx_bytes": 0,
                    "tx_pkts": 0,
                    "up": false,
                    "vlan": null,
                    "wan_name": null,
                    "wan_type": null
                  },
                  "ge-0/0/20.0": {
                    "address_mode": null,
                    "ips": null,
                    "nat_addresses": null,
                    "network_name": null,
                    "port_id": "ge-0/0/20",
                    "port_usage": null,
                    "redundancy_state": null,
                    "rx_bytes": 0,
                    "rx_pkts": 0,
                    "servp_info": null,
                    "tx_bytes": 0,
                    "tx_pkts": 0,
                    "up": false,
                    "vlan": null,
                    "wan_name": null,
                    "wan_type": null
                  },
                  "ge-0/0/21.0": {
                    "address_mode": null,
                    "ips": null,
                    "nat_addresses": null,
                    "network_name": null,
                    "port_id": "ge-0/0/21",
                    "port_usage": null,
                    "redundancy_state": null,
                    "rx_bytes": 0,
                    "rx_pkts": 0,
                    "servp_info": null,
                    "tx_bytes": 0,
                    "tx_pkts": 0,
                    "up": false,
                    "vlan": null,
                    "wan_name": null,
                    "wan_type": null
                  },
                  "ge-0/0/22.0": {
                    "address_mode": null,
                    "ips": null,
                    "nat_addresses": null,
                    "network_name": null,
                    "port_id": "ge-0/0/22",
                    "port_usage": null,
                    "redundancy_state": null,
                    "rx_bytes": 0,
                    "rx_pkts": 0,
                    "servp_info": null,
                    "tx_bytes": 0,
                    "tx_pkts": 0,
                    "up": false,
                    "vlan": null,
                    "wan_name": null,
                    "wan_type": null
                  },
                  "ge-0/0/23.0": {
                    "address_mode": null,
                    "ips": null,
                    "nat_addresses": null,
                    "network_name": null,
                    "port_id": "ge-0/0/23",
                    "port_usage": null,
                    "redundancy_state": null,
                    "rx_bytes": 0,
                    "rx_pkts": 0,
                    "servp_info": null,
                    "tx_bytes": 0,
                    "tx_pkts": 0,
                    "up": false,
                    "vlan": null,
                    "wan_name": null,
                    "wan_type": null
                  },
                  "ge-0/0/24.0": {
                    "address_mode": null,
                    "ips": null,
                    "nat_addresses": null,
                    "network_name": null,
                    "port_id": "ge-0/0/24",
                    "port_usage": null,
                    "redundancy_state": null,
                    "rx_bytes": 0,
                    "rx_pkts": 0,
                    "servp_info": null,
                    "tx_bytes": 0,
                    "tx_pkts": 0,
                    "up": false,
                    "vlan": null,
                    "wan_name": null,
                    "wan_type": null
                  },
                  "ge-0/0/25.0": {
                    "address_mode": null,
                    "ips": null,
                    "nat_addresses": null,
                    "network_name": null,
                    "port_id": "ge-0/0/25",
                    "port_usage": null,
                    "redundancy_state": null,
                    "rx_bytes": 0,
                    "rx_pkts": 0,
                    "servp_info": null,
                    "tx_bytes": 0,
                    "tx_pkts": 0,
                    "up": false,
                    "vlan": null,
                    "wan_name": null,
                    "wan_type": null
                  },
                  "ge-0/0/26.0": {
                    "address_mode": null,
                    "ips": null,
                    "nat_addresses": null,
                    "network_name": null,
                    "port_id": "ge-0/0/26",
                    "port_usage": null,
                    "redundancy_state": null,
                    "rx_bytes": 0,
                    "rx_pkts": 0,
                    "servp_info": null,
                    "tx_bytes": 0,
                    "tx_pkts": 0,
                    "up": false,
                    "vlan": null,
                    "wan_name": null,
                    "wan_type": null
                  },
                  "ge-0/0/27.0": {
                    "address_mode": null,
                    "ips": null,
                    "nat_addresses": null,
                    "network_name": null,
                    "port_id": "ge-0/0/27",
                    "port_usage": null,
                    "redundancy_state": null,
                    "rx_bytes": 0,
                    "rx_pkts": 0,
                    "servp_info": null,
                    "tx_bytes": 0,
                    "tx_pkts": 0,
                    "up": false,
                    "vlan": null,
                    "wan_name": null,
                    "wan_type": null
                  },
                  "ge-0/0/28.0": {
                    "address_mode": null,
                    "ips": null,
                    "nat_addresses": null,
                    "network_name": null,
                    "port_id": "ge-0/0/28",
                    "port_usage": null,
                    "redundancy_state": null,
                    "rx_bytes": 0,
                    "rx_pkts": 0,
                    "servp_info": null,
                    "tx_bytes": 0,
                    "tx_pkts": 0,
                    "up": false,
                    "vlan": null,
                    "wan_name": null,
                    "wan_type": null
                  },
                  "ge-0/0/29.0": {
                    "address_mode": null,
                    "ips": null,
                    "nat_addresses": null,
                    "network_name": null,
                    "port_id": "ge-0/0/29",
                    "port_usage": null,
                    "redundancy_state": null,
                    "rx_bytes": 0,
                    "rx_pkts": 0,
                    "servp_info": null,
                    "tx_bytes": 0,
                    "tx_pkts": 0,
                    "up": false,
                    "vlan": null,
                    "wan_name": null,
                    "wan_type": null
                  },
                  "ge-0/0/30.0": {
                    "address_mode": null,
                    "ips": null,
                    "nat_addresses": null,
                    "network_name": null,
                    "port_id": "ge-0/0/30",
                    "port_usage": null,
                    "redundancy_state": null,
                    "rx_bytes": 0,
                    "rx_pkts": 0,
                    "servp_info": null,
                    "tx_bytes": 0,
                    "tx_pkts": 0,
                    "up": false,
                    "vlan": null,
                    "wan_name": null,
                    "wan_type": null
                  },
                  "ge-0/0/31.0": {
                    "address_mode": null,
                    "ips": null,
                    "nat_addresses": null,
                    "network_name": null,
                    "port_id": "ge-0/0/31",
                    "port_usage": null,
                    "redundancy_state": null,
                    "rx_bytes": 0,
                    "rx_pkts": 0,
                    "servp_info": null,
                    "tx_bytes": 0,
                    "tx_pkts": 0,
                    "up": false,
                    "vlan": null,
                    "wan_name": null,
                    "wan_type": null
                  },
                  "ge-0/0/32.0": {
                    "address_mode": null,
                    "ips": null,
                    "nat_addresses": null,
                    "network_name": null,
                    "port_id": "ge-0/0/32",
                    "port_usage": null,
                    "redundancy_state": null,
                    "rx_bytes": 0,
                    "rx_pkts": 0,
                    "servp_info": null,
                    "tx_bytes": 0,
                    "tx_pkts": 0,
                    "up": false,
                    "vlan": null,
                    "wan_name": null,
                    "wan_type": null
                  },
                  "ge-0/0/33.0": {
                    "address_mode": null,
                    "ips": null,
                    "nat_addresses": null,
                    "network_name": null,
                    "port_id": "ge-0/0/33",
                    "port_usage": null,
                    "redundancy_state": null,
                    "rx_bytes": 0,
                    "rx_pkts": 0,
                    "servp_info": null,
                    "tx_bytes": 0,
                    "tx_pkts": 0,
                    "up": false,
                    "vlan": null,
                    "wan_name": null,
                    "wan_type": null
                  },
                  "ge-0/0/34.0": {
                    "address_mode": null,
                    "ips": null,
                    "nat_addresses": null,
                    "network_name": null,
                    "port_id": "ge-0/0/34",
                    "port_usage": null,
                    "redundancy_state": null,
                    "rx_bytes": 0,
                    "rx_pkts": 0,
                    "servp_info": null,
                    "tx_bytes": 0,
                    "tx_pkts": 0,
                    "up": false,
                    "vlan": null,
                    "wan_name": null,
                    "wan_type": null
                  },
                  "ge-0/0/35.0": {
                    "address_mode": null,
                    "ips": null,
                    "nat_addresses": null,
                    "network_name": null,
                    "port_id": "ge-0/0/35",
                    "port_usage": null,
                    "redundancy_state": null,
                    "rx_bytes": 0,
                    "rx_pkts": 0,
                    "servp_info": null,
                    "tx_bytes": 0,
                    "tx_pkts": 0,
                    "up": false,
                    "vlan": null,
                    "wan_name": null,
                    "wan_type": null
                  },
                  "ge-0/0/36.0": {
                    "address_mode": null,
                    "ips": null,
                    "nat_addresses": null,
                    "network_name": null,
                    "port_id": "ge-0/0/36",
                    "port_usage": null,
                    "redundancy_state": null,
                    "rx_bytes": 0,
                    "rx_pkts": 0,
                    "servp_info": null,
                    "tx_bytes": 0,
                    "tx_pkts": 0,
                    "up": false,
                    "vlan": null,
                    "wan_name": null,
                    "wan_type": null
                  },
                  "ge-0/0/37.0": {
                    "address_mode": null,
                    "ips": null,
                    "nat_addresses": null,
                    "network_name": null,
                    "port_id": "ge-0/0/37",
                    "port_usage": null,
                    "redundancy_state": null,
                    "rx_bytes": 0,
                    "rx_pkts": 0,
                    "servp_info": null,
                    "tx_bytes": 0,
                    "tx_pkts": 0,
                    "up": false,
                    "vlan": null,
                    "wan_name": null,
                    "wan_type": null
                  },
                  "ge-0/0/38.0": {
                    "address_mode": null,
                    "ips": null,
                    "nat_addresses": null,
                    "network_name": null,
                    "port_id": "ge-0/0/38",
                    "port_usage": null,
                    "redundancy_state": null,
                    "rx_bytes": 0,
                    "rx_pkts": 0,
                    "servp_info": null,
                    "tx_bytes": 0,
                    "tx_pkts": 0,
                    "up": false,
                    "vlan": null,
                    "wan_name": null,
                    "wan_type": null
                  },
                  "ge-0/0/39.0": {
                    "address_mode": null,
                    "ips": null,
                    "nat_addresses": null,
                    "network_name": null,
                    "port_id": "ge-0/0/39",
                    "port_usage": null,
                    "redundancy_state": null,
                    "rx_bytes": 0,
                    "rx_pkts": 0,
                    "servp_info": null,
                    "tx_bytes": 0,
                    "tx_pkts": 0,
                    "up": false,
                    "vlan": null,
                    "wan_name": null,
                    "wan_type": null
                  },
                  "ge-0/0/40.0": {
                    "address_mode": null,
                    "ips": null,
                    "nat_addresses": null,
                    "network_name": null,
                    "port_id": "ge-0/0/40",
                    "port_usage": null,
                    "redundancy_state": null,
                    "rx_bytes": 0,
                    "rx_pkts": 0,
                    "servp_info": null,
                    "tx_bytes": 0,
                    "tx_pkts": 0,
                    "up": false,
                    "vlan": null,
                    "wan_name": null,
                    "wan_type": null
                  },
                  "ge-0/0/41.0": {
                    "address_mode": null,
                    "ips": null,
                    "nat_addresses": null,
                    "network_name": null,
                    "port_id": "ge-0/0/41",
                    "port_usage": null,
                    "redundancy_state": null,
                    "rx_bytes": 0,
                    "rx_pkts": 0,
                    "servp_info": null,
                    "tx_bytes": 0,
                    "tx_pkts": 0,
                    "up": false,
                    "vlan": null,
                    "wan_name": null,
                    "wan_type": null
                  },
                  "ge-0/0/42.0": {
                    "address_mode": null,
                    "ips": null,
                    "nat_addresses": null,
                    "network_name": null,
                    "port_id": "ge-0/0/42",
                    "port_usage": null,
                    "redundancy_state": null,
                    "rx_bytes": 0,
                    "rx_pkts": 0,
                    "servp_info": null,
                    "tx_bytes": 0,
                    "tx_pkts": 0,
                    "up": false,
                    "vlan": null,
                    "wan_name": null,
                    "wan_type": null
                  },
                  "ge-0/0/43.0": {
                    "address_mode": null,
                    "ips": null,
                    "nat_addresses": null,
                    "network_name": null,
                    "port_id": "ge-0/0/43",
                    "port_usage": null,
                    "redundancy_state": null,
                    "rx_bytes": 0,
                    "rx_pkts": 0,
                    "servp_info": null,
                    "tx_bytes": 0,
                    "tx_pkts": 0,
                    "up": false,
                    "vlan": null,
                    "wan_name": null,
                    "wan_type": null
                  },
                  "ge-0/0/44.0": {
                    "address_mode": null,
                    "ips": null,
                    "nat_addresses": null,
                    "network_name": null,
                    "port_id": "ge-0/0/44",
                    "port_usage": null,
                    "redundancy_state": null,
                    "rx_bytes": 0,
                    "rx_pkts": 0,
                    "servp_info": null,
                    "tx_bytes": 0,
                    "tx_pkts": 0,
                    "up": false,
                    "vlan": null,
                    "wan_name": null,
                    "wan_type": null
                  },
                  "ge-0/0/45.0": {
                    "address_mode": null,
                    "ips": null,
                    "nat_addresses": null,
                    "network_name": null,
                    "port_id": "ge-0/0/45",
                    "port_usage": null,
                    "redundancy_state": null,
                    "rx_bytes": 0,
                    "rx_pkts": 0,
                    "servp_info": null,
                    "tx_bytes": 0,
                    "tx_pkts": 0,
                    "up": false,
                    "vlan": null,
                    "wan_name": null,
                    "wan_type": null
                  },
                  "ge-0/0/46.0": {
                    "address_mode": null,
                    "ips": null,
                    "nat_addresses": null,
                    "network_name": null,
                    "port_id": "ge-0/0/46",
                    "port_usage": null,
                    "redundancy_state": null,
                    "rx_bytes": 0,
                    "rx_pkts": 0,
                    "servp_info": null,
                    "tx_bytes": 0,
                    "tx_pkts": 0,
                    "up": false,
                    "vlan": null,
                    "wan_name": null,
                    "wan_type": null
                  },
                  "ge-0/0/47.0": {
                    "address_mode": null,
                    "ips": null,
                    "nat_addresses": null,
                    "network_name": null,
                    "port_id": "ge-0/0/47",
                    "port_usage": null,
                    "redundancy_state": null,
                    "rx_bytes": 1213082900,
                    "rx_pkts": 10336936,
                    "servp_info": null,
                    "tx_bytes": 12430025919,
                    "tx_pkts": 14720055,
                    "up": true,
                    "vlan": null,
                    "wan_name": null,
                    "wan_type": null
                  },
                  "irb.0": {
                    "address_mode": null,
                    "ips": [
                      "10.100.0.140/23"
                    ],
                    "nat_addresses": null,
                    "network_name": null,
                    "port_id": "irb",
                    "port_usage": null,
                    "redundancy_state": null,
                    "rx_bytes": 2115420057,
                    "rx_pkts": 20382224,
                    "servp_info": {
                      "asn": null,
                      "city": null,
                      "country_code": null,
                      "latitude": null,
                      "longitude": null,
                      "org": null,
                      "region_code": null
                    },
                    "tx_bytes": 12349152580,
                    "tx_pkts": 14562407,
                    "up": true,
                    "vlan": 1,
                    "wan_name": null,
                    "wan_type": null
                  },
                  "lo0.16385": {
                    "address_mode": null,
                    "ips": null,
                    "nat_addresses": null,
                    "network_name": null,
                    "port_id": "lo0",
                    "port_usage": null,
                    "redundancy_state": null,
                    "rx_bytes": 27196815805,
                    "rx_pkts": 218567287,
                    "servp_info": null,
                    "tx_bytes": 27196815805,
                    "tx_pkts": 218567287,
                    "up": true,
                    "vlan": null,
                    "wan_name": null,
                    "wan_type": null
                  },
                  "me0.0": {
                    "address_mode": null,
                    "ips": null,
                    "nat_addresses": null,
                    "network_name": null,
                    "port_id": "me0",
                    "port_usage": null,
                    "redundancy_state": null,
                    "rx_bytes": 0,
                    "rx_pkts": 0,
                    "servp_info": null,
                    "tx_bytes": 0,
                    "tx_pkts": 0,
                    "up": false,
                    "vlan": null,
                    "wan_name": null,
                    "wan_type": null
                  },
                  "vme.0": {
                    "address_mode": null,
                    "ips": null,
                    "nat_addresses": null,
                    "network_name": null,
                    "port_id": "vme",
                    "port_usage": null,
                    "redundancy_state": null,
                    "rx_bytes": 0,
                    "rx_pkts": 0,
                    "servp_info": null,
                    "tx_bytes": 0,
                    "tx_pkts": 0,
                    "up": false,
                    "vlan": null,
                    "wan_name": null,
                    "wan_type": null
                  }
                },
                "ip": "10.100.0.140",
                "ip_stat": {
                  "dhcp_server": null,
                  "dns": null,
                  "dns_suffix": null,
                  "gateway": "10.100.0.1",
                  "gateway6": null,
                  "ip": "10.100.0.140",
                  "ip6": null,
                  "ips": {
                    "vlan1": "10.100.0.140"
                  },
                  "netmask": "255.255.255.255",
                  "netmask6": null
                },
                "last_seen": 1720867907,
                "last_trouble": {
                  "code": "106",
                  "timestamp": 1718613931
                },
                "mac": "60c78d93b00f",
                "mac_table_stats": {
                  "mac_table_count": 34,
                  "max_mac_entries_supported": 64000
                },
                "map_id": null,
                "memory_stat": {
                  "usage": 16
                },
                "model": "EX4100-48MP",
                "modified_time": 1717019005,
                "module_stat": [
                  {
                    "backup_version": "22.3R3-S1.3",
                    "bios_version": "",
                    "cpld_version": "1.4a",
                    "errors": null,
                    "fans": [
                      {
                        "airflow": "out",
                        "name": "Fan Tray 0 Fan 0",
                        "status": "ok"
                      },
                      {
                        "airflow": "out",
                        "name": "Fan Tray 1 Fan 0",
                        "status": "ok"
                      }
                    ],
                    "fpc_idx": 0,
                    "fpga_version": "",
                    "last_seen": null,
                    "model": "EX4100-48MP-CHAS",
                    "optics_cpld_version": "",
                    "pending_version": "",
                    "pics": [
                      {
                        "index": 0,
                        "model_number": "EX4100-48MP-CHAS",
                        "port_groups": [
                          {
                            "count": 16,
                            "type": "GE"
                          },
                          {
                            "count": 32,
                            "type": "GE"
                          }
                        ]
                      },
                      {
                        "index": 1,
                        "model_number": "EX4100-48MP-CHAS",
                        "port_groups": [
                          {
                            "count": 4,
                            "type": "SFP28"
                          }
                        ]
                      },
                      {
                        "index": 2,
                        "model_number": "EX4100-48MP-CHAS",
                        "port_groups": [
                          {
                            "count": 4,
                            "type": "SFP/SFP+"
                          }
                        ]
                      }
                    ],
                    "poe": {
                      "max_power": 740,
                      "power_draw": 41.2
                    },
                    "poe_version": "1.3.0.11.0",
                    "power_cpld_version": "",
                    "psus": [
                      {
                        "name": "Power Supply 1",
                        "status": "absent"
                      },
                      {
                        "name": "Power Supply 0",
                        "status": "ok"
                      }
                    ],
                    "re_fpga_version": "",
                    "recovery_version": "22.3R1.12",
                    "serial": "EY2523AN0523",
                    "status": null,
                    "temperatures": [
                      {
                        "celsius": 45,
                        "name": "Thermal board Sensor 1",
                        "status": "ok"
                      },
                      {
                        "celsius": 40,
                        "name": "Thermal board Sensor 2",
                        "status": "ok"
                      },
                      {
                        "celsius": 33,
                        "name": "Thermal board Sensor 3",
                        "status": "ok"
                      },
                      {
                        "celsius": 34,
                        "name": "Thermal board Sensor 4",
                        "status": "ok"
                      },
                      {
                        "celsius": 54,
                        "name": "PFE Die Sensor",
                        "status": "ok"
                      }
                    ],
                    "tmc_fpga_version": "",
                    "uboot_version": "1.6",
                    "uptime": 4374600,
                    "vc_links": [],
                    "vc_mode": "HiGiG",
                    "vc_role": "master",
                    "vc_state": "present",
                    "version": "23.2R2.21"
                  }
                ],
                "name": "ld-cup-idf-c",
                "org_id": "9777c1a0-6ef6-11e6-8bbf-02e208b2d34f",
                "route_summary_stats": {
                  "fib_routes": 2,
                  "max_unicast_routes_supported": 32150,
                  "rib_routes": 12,
                  "total_routes": 3
                },
                "serial": "EY2523AN0523",
                "service_stat": {},
                "site_id": "978c48e6-6ef6-11e6-8bbf-02e208b2d34f",
                "status": "connected",
                "uptime": 4374588,
                "vc_mac": null,
                "vc_setup_info": {
                  "config_type": "nonprovisioned",
                  "err_missing_dev_id_fpc": false
                },
                "version": "23.2R2.21"
              },
              {
                "ap_redundancy": {
                  "modules": null,
                  "num_aps": 4,
                  "num_aps_with_switch_redundancy": 0
                },
                "arp_table_stats": {
                  "arp_table_count": 1,
                  "max_entries_supported": 32000
                },
                "cert_expiry": null,
                "clients": [
                  {
                    "device_mac": "60c78d939c0f",
                    "hostname": null,
                    "mac": "a8f7d9817750",
                    "port_id": "ge-0/0/32"
                  },
                  {
                    "device_mac": "60c78d939c0f",
                    "hostname": null,
                    "mac": "ac2316fc05e6",
                    "port_id": "mge-0/0/0"
                  },
                  {
                    "device_mac": "60c78d939c0f",
                    "hostname": null,
                    "mac": "003e7307e3c9",
                    "port_id": "mge-0/0/2"
                  },
                  {
                    "device_mac": "60c78d939c0f",
                    "hostname": null,
                    "mac": "60c78d93af0f",
                    "port_id": "ge-0/0/47"
                  },
                  {
                    "device_mac": "60c78d939c0f",
                    "hostname": null,
                    "mac": "3c62f00eb746",
                    "port_id": "ge-0/0/17"
                  },
                  {
                    "device_mac": "60c78d939c0f",
                    "hostname": null,
                    "mac": "d420b083b394",
                    "port_id": "ge-0/0/22"
                  },
                  {
                    "device_mac": "60c78d939c0f",
                    "hostname": null,
                    "mac": "ac2316eca706",
                    "port_id": "ge-0/0/20"
                  },
                  {
                    "device_mac": "60c78d939c0f",
                    "hostname": null,
                    "mac": "a83a7930190f",
                    "port_id": "mge-0/0/8"
                  },
                  {
                    "device_mac": "60c78d939c0f",
                    "hostname": null,
                    "mac": "70b5e8d4eae0",
                    "port_id": "ge-0/0/18"
                  },
                  {
                    "device_mac": "60c78d939c0f",
                    "hostname": null,
                    "mac": "245a4c144b7e",
                    "port_id": "ge-0/0/23"
                  }
                ],
                "clients_stats": {
                  "total": {
                    "num_aps": [
                      4
                    ],
                    "num_wired_clients": 10
                  }
                },
                "config_status": "COMMITED",
                "cpu_stat": {
                  "idle": 83,
                  "interrupt": 0,
                  "load_avg": [
                    0.6,
                    0.52,
                    0.46
                  ],
                  "system": 5,
                  "user": 11
                },
                "created_time": 1690932359,
                "deviceprofile_id": null,
                "dhcpd_stat": {},
                "evpntopo_id": null,
                "fw_versions_outofsync": false,
                "fwupdate": {
                  "progress": 100,
                  "status": "success",
                  "status_id": 3037,
                  "timestamp": 1714710769.3282468,
                  "will_retry": false
                },
                "has_pcap": false,
                "hostname": "ld-cup-idf-bb",
                "hw_rev": "A",
                "id": "00000000-0000-0000-1000-60c78d939c0f",
                "if_stat": {
                  "ge-0/0/16.0": {
                    "address_mode": null,
                    "ips": null,
                    "nat_addresses": null,
                    "network_name": null,
                    "port_id": "ge-0/0/16",
                    "port_usage": null,
                    "redundancy_state": null,
                    "rx_bytes": 211624,
                    "rx_pkts": 3307,
                    "servp_info": null,
                    "tx_bytes": 100053876,
                    "tx_pkts": 221849,
                    "up": true,
                    "vlan": null,
                    "wan_name": null,
                    "wan_type": null
                  },
                  "ge-0/0/17.0": {
                    "address_mode": null,
                    "ips": null,
                    "nat_addresses": null,
                    "network_name": null,
                    "port_id": "ge-0/0/17",
                    "port_usage": null,
                    "redundancy_state": null,
                    "rx_bytes": 8315348,
                    "rx_pkts": 129927,
                    "servp_info": null,
                    "tx_bytes": 100927486,
                    "tx_pkts": 223786,
                    "up": true,
                    "vlan": null,
                    "wan_name": null,
                    "wan_type": null
                  },
                  "ge-0/0/18.0": {
                    "address_mode": null,
                    "ips": null,
                    "nat_addresses": null,
                    "network_name": null,
                    "port_id": "ge-0/0/18",
                    "port_usage": null,
                    "redundancy_state": null,
                    "rx_bytes": 9463319,
                    "rx_pkts": 54881,
                    "servp_info": null,
                    "tx_bytes": 100043052,
                    "tx_pkts": 221825,
                    "up": true,
                    "vlan": null,
                    "wan_name": null,
                    "wan_type": null
                  },
                  "ge-0/0/19.0": {
                    "address_mode": null,
                    "ips": null,
                    "nat_addresses": null,
                    "network_name": null,
                    "port_id": "ge-0/0/19",
                    "port_usage": null,
                    "redundancy_state": null,
                    "rx_bytes": 0,
                    "rx_pkts": 0,
                    "servp_info": null,
                    "tx_bytes": 0,
                    "tx_pkts": 0,
                    "up": false,
                    "vlan": null,
                    "wan_name": null,
                    "wan_type": null
                  },
                  "ge-0/0/20.0": {
                    "address_mode": null,
                    "ips": null,
                    "nat_addresses": null,
                    "network_name": null,
                    "port_id": "ge-0/0/20",
                    "port_usage": null,
                    "redundancy_state": null,
                    "rx_bytes": 93132034,
                    "rx_pkts": 721808,
                    "servp_info": null,
                    "tx_bytes": 116628595,
                    "tx_pkts": 226905,
                    "up": true,
                    "vlan": null,
                    "wan_name": null,
                    "wan_type": null
                  },
                  "ge-0/0/21.0": {
                    "address_mode": null,
                    "ips": null,
                    "nat_addresses": null,
                    "network_name": null,
                    "port_id": "ge-0/0/21",
                    "port_usage": null,
                    "redundancy_state": null,
                    "rx_bytes": 0,
                    "rx_pkts": 0,
                    "servp_info": null,
                    "tx_bytes": 0,
                    "tx_pkts": 0,
                    "up": false,
                    "vlan": null,
                    "wan_name": null,
                    "wan_type": null
                  },
                  "ge-0/0/22.0": {
                    "address_mode": null,
                    "ips": null,
                    "nat_addresses": null,
                    "network_name": null,
                    "port_id": "ge-0/0/22",
                    "port_usage": null,
                    "redundancy_state": null,
                    "rx_bytes": 43534928,
                    "rx_pkts": 242182,
                    "servp_info": null,
                    "tx_bytes": 116188649,
                    "tx_pkts": 226048,
                    "up": true,
                    "vlan": null,
                    "wan_name": null,
                    "wan_type": null
                  },
                  "ge-0/0/23.0": {
                    "address_mode": null,
                    "ips": null,
                    "nat_addresses": null,
                    "network_name": null,
                    "port_id": "ge-0/0/23",
                    "port_usage": null,
                    "redundancy_state": null,
                    "rx_bytes": 240055415,
                    "rx_pkts": 3704471,
                    "servp_info": null,
                    "tx_bytes": 100045689,
                    "tx_pkts": 221831,
                    "up": true,
                    "vlan": null,
                    "wan_name": null,
                    "wan_type": null
                  },
                  "ge-0/0/24.0": {
                    "address_mode": null,
                    "ips": null,
                    "nat_addresses": null,
                    "network_name": null,
                    "port_id": "ge-0/0/24",
                    "port_usage": null,
                    "redundancy_state": null,
                    "rx_bytes": 0,
                    "rx_pkts": 0,
                    "servp_info": null,
                    "tx_bytes": 0,
                    "tx_pkts": 0,
                    "up": false,
                    "vlan": null,
                    "wan_name": null,
                    "wan_type": null
                  },
                  "ge-0/0/25.0": {
                    "address_mode": null,
                    "ips": null,
                    "nat_addresses": null,
                    "network_name": null,
                    "port_id": "ge-0/0/25",
                    "port_usage": null,
                    "redundancy_state": null,
                    "rx_bytes": 0,
                    "rx_pkts": 0,
                    "servp_info": null,
                    "tx_bytes": 0,
                    "tx_pkts": 0,
                    "up": false,
                    "vlan": null,
                    "wan_name": null,
                    "wan_type": null
                  },
                  "ge-0/0/26.0": {
                    "address_mode": null,
                    "ips": null,
                    "nat_addresses": null,
                    "network_name": null,
                    "port_id": "ge-0/0/26",
                    "port_usage": null,
                    "redundancy_state": null,
                    "rx_bytes": 0,
                    "rx_pkts": 0,
                    "servp_info": null,
                    "tx_bytes": 0,
                    "tx_pkts": 0,
                    "up": false,
                    "vlan": null,
                    "wan_name": null,
                    "wan_type": null
                  },
                  "ge-0/0/27.0": {
                    "address_mode": null,
                    "ips": null,
                    "nat_addresses": null,
                    "network_name": null,
                    "port_id": "ge-0/0/27",
                    "port_usage": null,
                    "redundancy_state": null,
                    "rx_bytes": 0,
                    "rx_pkts": 0,
                    "servp_info": null,
                    "tx_bytes": 0,
                    "tx_pkts": 0,
                    "up": false,
                    "vlan": null,
                    "wan_name": null,
                    "wan_type": null
                  },
                  "ge-0/0/28.0": {
                    "address_mode": null,
                    "ips": null,
                    "nat_addresses": null,
                    "network_name": null,
                    "port_id": "ge-0/0/28",
                    "port_usage": null,
                    "redundancy_state": null,
                    "rx_bytes": 0,
                    "rx_pkts": 0,
                    "servp_info": null,
                    "tx_bytes": 0,
                    "tx_pkts": 0,
                    "up": false,
                    "vlan": null,
                    "wan_name": null,
                    "wan_type": null
                  },
                  "ge-0/0/29.0": {
                    "address_mode": null,
                    "ips": null,
                    "nat_addresses": null,
                    "network_name": null,
                    "port_id": "ge-0/0/29",
                    "port_usage": null,
                    "redundancy_state": null,
                    "rx_bytes": 0,
                    "rx_pkts": 0,
                    "servp_info": null,
                    "tx_bytes": 0,
                    "tx_pkts": 0,
                    "up": false,
                    "vlan": null,
                    "wan_name": null,
                    "wan_type": null
                  },
                  "ge-0/0/30.0": {
                    "address_mode": null,
                    "ips": null,
                    "nat_addresses": null,
                    "network_name": null,
                    "port_id": "ge-0/0/30",
                    "port_usage": null,
                    "redundancy_state": null,
                    "rx_bytes": 0,
                    "rx_pkts": 0,
                    "servp_info": null,
                    "tx_bytes": 0,
                    "tx_pkts": 0,
                    "up": false,
                    "vlan": null,
                    "wan_name": null,
                    "wan_type": null
                  },
                  "ge-0/0/31.0": {
                    "address_mode": null,
                    "ips": null,
                    "nat_addresses": null,
                    "network_name": null,
                    "port_id": "ge-0/0/31",
                    "port_usage": null,
                    "redundancy_state": null,
                    "rx_bytes": 0,
                    "rx_pkts": 0,
                    "servp_info": null,
                    "tx_bytes": 0,
                    "tx_pkts": 0,
                    "up": false,
                    "vlan": null,
                    "wan_name": null,
                    "wan_type": null
                  },
                  "ge-0/0/32.0": {
                    "address_mode": null,
                    "ips": null,
                    "nat_addresses": null,
                    "network_name": null,
                    "port_id": "ge-0/0/32",
                    "port_usage": null,
                    "redundancy_state": null,
                    "rx_bytes": 79790481,
                    "rx_pkts": 401870,
                    "servp_info": null,
                    "tx_bytes": 109681281,
                    "tx_pkts": 234387,
                    "up": true,
                    "vlan": null,
                    "wan_name": null,
                    "wan_type": null
                  },
                  "ge-0/0/33.0": {
                    "address_mode": null,
                    "ips": null,
                    "nat_addresses": null,
                    "network_name": null,
                    "port_id": "ge-0/0/33",
                    "port_usage": null,
                    "redundancy_state": null,
                    "rx_bytes": 0,
                    "rx_pkts": 0,
                    "servp_info": null,
                    "tx_bytes": 0,
                    "tx_pkts": 0,
                    "up": false,
                    "vlan": null,
                    "wan_name": null,
                    "wan_type": null
                  },
                  "ge-0/0/34.0": {
                    "address_mode": null,
                    "ips": null,
                    "nat_addresses": null,
                    "network_name": null,
                    "port_id": "ge-0/0/34",
                    "port_usage": null,
                    "redundancy_state": null,
                    "rx_bytes": 0,
                    "rx_pkts": 0,
                    "servp_info": null,
                    "tx_bytes": 0,
                    "tx_pkts": 0,
                    "up": false,
                    "vlan": null,
                    "wan_name": null,
                    "wan_type": null
                  },
                  "ge-0/0/35.0": {
                    "address_mode": null,
                    "ips": null,
                    "nat_addresses": null,
                    "network_name": null,
                    "port_id": "ge-0/0/35",
                    "port_usage": null,
                    "redundancy_state": null,
                    "rx_bytes": 0,
                    "rx_pkts": 0,
                    "servp_info": null,
                    "tx_bytes": 0,
                    "tx_pkts": 0,
                    "up": false,
                    "vlan": null,
                    "wan_name": null,
                    "wan_type": null
                  },
                  "ge-0/0/36.0": {
                    "address_mode": null,
                    "ips": null,
                    "nat_addresses": null,
                    "network_name": null,
                    "port_id": "ge-0/0/36",
                    "port_usage": null,
                    "redundancy_state": null,
                    "rx_bytes": 0,
                    "rx_pkts": 0,
                    "servp_info": null,
                    "tx_bytes": 0,
                    "tx_pkts": 0,
                    "up": false,
                    "vlan": null,
                    "wan_name": null,
                    "wan_type": null
                  },
                  "ge-0/0/37.0": {
                    "address_mode": null,
                    "ips": null,
                    "nat_addresses": null,
                    "network_name": null,
                    "port_id": "ge-0/0/37",
                    "port_usage": null,
                    "redundancy_state": null,
                    "rx_bytes": 0,
                    "rx_pkts": 0,
                    "servp_info": null,
                    "tx_bytes": 0,
                    "tx_pkts": 0,
                    "up": false,
                    "vlan": null,
                    "wan_name": null,
                    "wan_type": null
                  },
                  "ge-0/0/38.0": {
                    "address_mode": null,
                    "ips": null,
                    "nat_addresses": null,
                    "network_name": null,
                    "port_id": "ge-0/0/38",
                    "port_usage": null,
                    "redundancy_state": null,
                    "rx_bytes": 0,
                    "rx_pkts": 0,
                    "servp_info": null,
                    "tx_bytes": 0,
                    "tx_pkts": 0,
                    "up": false,
                    "vlan": null,
                    "wan_name": null,
                    "wan_type": null
                  },
                  "ge-0/0/39.0": {
                    "address_mode": null,
                    "ips": null,
                    "nat_addresses": null,
                    "network_name": null,
                    "port_id": "ge-0/0/39",
                    "port_usage": null,
                    "redundancy_state": null,
                    "rx_bytes": 0,
                    "rx_pkts": 0,
                    "servp_info": null,
                    "tx_bytes": 0,
                    "tx_pkts": 0,
                    "up": false,
                    "vlan": null,
                    "wan_name": null,
                    "wan_type": null
                  },
                  "ge-0/0/40.0": {
                    "address_mode": null,
                    "ips": null,
                    "nat_addresses": null,
                    "network_name": null,
                    "port_id": "ge-0/0/40",
                    "port_usage": null,
                    "redundancy_state": null,
                    "rx_bytes": 0,
                    "rx_pkts": 0,
                    "servp_info": null,
                    "tx_bytes": 0,
                    "tx_pkts": 0,
                    "up": false,
                    "vlan": null,
                    "wan_name": null,
                    "wan_type": null
                  },
                  "ge-0/0/41.0": {
                    "address_mode": null,
                    "ips": null,
                    "nat_addresses": null,
                    "network_name": null,
                    "port_id": "ge-0/0/41",
                    "port_usage": null,
                    "redundancy_state": null,
                    "rx_bytes": 0,
                    "rx_pkts": 0,
                    "servp_info": null,
                    "tx_bytes": 0,
                    "tx_pkts": 0,
                    "up": false,
                    "vlan": null,
                    "wan_name": null,
                    "wan_type": null
                  },
                  "ge-0/0/42.0": {
                    "address_mode": null,
                    "ips": null,
                    "nat_addresses": null,
                    "network_name": null,
                    "port_id": "ge-0/0/42",
                    "port_usage": null,
                    "redundancy_state": null,
                    "rx_bytes": 0,
                    "rx_pkts": 0,
                    "servp_info": null,
                    "tx_bytes": 0,
                    "tx_pkts": 0,
                    "up": false,
                    "vlan": null,
                    "wan_name": null,
                    "wan_type": null
                  },
                  "ge-0/0/43.0": {
                    "address_mode": null,
                    "ips": null,
                    "nat_addresses": null,
                    "network_name": null,
                    "port_id": "ge-0/0/43",
                    "port_usage": null,
                    "redundancy_state": null,
                    "rx_bytes": 0,
                    "rx_pkts": 0,
                    "servp_info": null,
                    "tx_bytes": 0,
                    "tx_pkts": 0,
                    "up": false,
                    "vlan": null,
                    "wan_name": null,
                    "wan_type": null
                  },
                  "ge-0/0/44.0": {
                    "address_mode": null,
                    "ips": null,
                    "nat_addresses": null,
                    "network_name": null,
                    "port_id": "ge-0/0/44",
                    "port_usage": null,
                    "redundancy_state": null,
                    "rx_bytes": 0,
                    "rx_pkts": 0,
                    "servp_info": null,
                    "tx_bytes": 0,
                    "tx_pkts": 0,
                    "up": false,
                    "vlan": null,
                    "wan_name": null,
                    "wan_type": null
                  },
                  "ge-0/0/45.0": {
                    "address_mode": null,
                    "ips": null,
                    "nat_addresses": null,
                    "network_name": null,
                    "port_id": "ge-0/0/45",
                    "port_usage": null,
                    "redundancy_state": null,
                    "rx_bytes": 0,
                    "rx_pkts": 0,
                    "servp_info": null,
                    "tx_bytes": 0,
                    "tx_pkts": 0,
                    "up": false,
                    "vlan": null,
                    "wan_name": null,
                    "wan_type": null
                  },
                  "ge-0/0/46.0": {
                    "address_mode": null,
                    "ips": null,
                    "nat_addresses": null,
                    "network_name": null,
                    "port_id": "ge-0/0/46",
                    "port_usage": null,
                    "redundancy_state": null,
                    "rx_bytes": 0,
                    "rx_pkts": 0,
                    "servp_info": null,
                    "tx_bytes": 0,
                    "tx_pkts": 0,
                    "up": false,
                    "vlan": null,
                    "wan_name": null,
                    "wan_type": null
                  },
                  "ge-0/0/47.0": {
                    "address_mode": null,
                    "ips": null,
                    "nat_addresses": null,
                    "network_name": null,
                    "port_id": "ge-0/0/47",
                    "port_usage": null,
                    "redundancy_state": null,
                    "rx_bytes": 979684038,
                    "rx_pkts": 8122771,
                    "servp_info": null,
                    "tx_bytes": 29796175334,
                    "tx_pkts": 31179594,
                    "up": true,
                    "vlan": null,
                    "wan_name": null,
                    "wan_type": null
                  },
                  "irb.0": {
                    "address_mode": null,
                    "ips": [
                      "10.100.0.141/23"
                    ],
                    "nat_addresses": null,
                    "network_name": null,
                    "port_id": "irb",
                    "port_usage": null,
                    "redundancy_state": null,
                    "rx_bytes": 3851028833,
                    "rx_pkts": 37175758,
                    "servp_info": {
                      "asn": null,
                      "city": null,
                      "country_code": null,
                      "latitude": null,
                      "longitude": null,
                      "org": null,
                      "region_code": null
                    },
                    "tx_bytes": 29682157608,
                    "tx_pkts": 30957795,
                    "up": true,
                    "vlan": 1,
                    "wan_name": null,
                    "wan_type": null
                  },
                  "lo0.16385": {
                    "address_mode": null,
                    "ips": null,
                    "nat_addresses": null,
                    "network_name": null,
                    "port_id": "lo0",
                    "port_usage": null,
                    "redundancy_state": null,
                    "rx_bytes": 38255368331,
                    "rx_pkts": 272012526,
                    "servp_info": null,
                    "tx_bytes": 38255368331,
                    "tx_pkts": 272012526,
                    "up": true,
                    "vlan": null,
                    "wan_name": null,
                    "wan_type": null
                  },
                  "me0.0": {
                    "address_mode": null,
                    "ips": null,
                    "nat_addresses": null,
                    "network_name": null,
                    "port_id": "me0",
                    "port_usage": null,
                    "redundancy_state": null,
                    "rx_bytes": 0,
                    "rx_pkts": 0,
                    "servp_info": null,
                    "tx_bytes": 0,
                    "tx_pkts": 0,
                    "up": false,
                    "vlan": null,
                    "wan_name": null,
                    "wan_type": null
                  },
                  "vme.0": {
                    "address_mode": null,
                    "ips": null,
                    "nat_addresses": null,
                    "network_name": null,
                    "port_id": "vme",
                    "port_usage": null,
                    "redundancy_state": null,
                    "rx_bytes": 0,
                    "rx_pkts": 0,
                    "servp_info": null,
                    "tx_bytes": 0,
                    "tx_pkts": 0,
                    "up": false,
                    "vlan": null,
                    "wan_name": null,
                    "wan_type": null
                  }
                },
                "ip": "10.100.0.141",
                "ip_stat": {
                  "dhcp_server": null,
                  "dns": null,
                  "dns_suffix": null,
                  "gateway": "10.100.0.1",
                  "gateway6": null,
                  "ip": "10.100.0.141",
                  "ip6": null,
                  "ips": {
                    "vlan1": "10.100.0.141"
                  },
                  "netmask": "255.255.255.255",
                  "netmask6": null
                },
                "last_seen": 1720867890,
                "last_trouble": {
                  "code": "106",
                  "timestamp": 1719540481
                },
                "mac": "60c78d939c0f",
                "mac_table_stats": {
                  "mac_table_count": 51,
                  "max_mac_entries_supported": 64000
                },
                "map_id": null,
                "memory_stat": {
                  "usage": 16
                },
                "model": "EX4100-48MP",
                "modified_time": 1717019005,
                "module_stat": [
                  {
                    "backup_version": "23.2R1.13",
                    "bios_version": "",
                    "cpld_version": "1.4a",
                    "errors": null,
                    "fans": [
                      {
                        "airflow": "out",
                        "name": "Fan Tray 0 Fan 0",
                        "status": "ok"
                      },
                      {
                        "airflow": "out",
                        "name": "Fan Tray 1 Fan 0",
                        "status": "ok"
                      }
                    ],
                    "fpc_idx": 0,
                    "fpga_version": "",
                    "last_seen": null,
                    "model": "EX4100-48MP-CHAS",
                    "optics_cpld_version": "",
                    "pending_version": "",
                    "pics": [
                      {
                        "index": 0,
                        "model_number": "EX4100-48MP-CHAS",
                        "port_groups": [
                          {
                            "count": 16,
                            "type": "GE"
                          },
                          {
                            "count": 32,
                            "type": "GE"
                          }
                        ]
                      },
                      {
                        "index": 1,
                        "model_number": "EX4100-48MP-CHAS",
                        "port_groups": [
                          {
                            "count": 4,
                            "type": "SFP28"
                          }
                        ]
                      },
                      {
                        "index": 2,
                        "model_number": "EX4100-48MP-CHAS",
                        "port_groups": [
                          {
                            "count": 4,
                            "type": "SFP/SFP+"
                          }
                        ]
                      }
                    ],
                    "poe": {
                      "max_power": 740,
                      "power_draw": 54.6
                    },
                    "poe_version": "1.3.0.11.0",
                    "power_cpld_version": "",
                    "psus": [
                      {
                        "name": "Power Supply 0",
                        "status": "ok"
                      },
                      {
                        "name": "Power Supply 1",
                        "status": "absent"
                      }
                    ],
                    "re_fpga_version": "",
                    "recovery_version": "22.3R1.12",
                    "serial": "EY2523AN0483",
                    "status": null,
                    "temperatures": [
                      {
                        "celsius": 44,
                        "name": "Thermal board Sensor 1",
                        "status": "ok"
                      },
                      {
                        "celsius": 36,
                        "name": "Thermal board Sensor 2",
                        "status": "ok"
                      },
                      {
                        "celsius": 30,
                        "name": "Thermal board Sensor 3",
                        "status": "ok"
                      },
                      {
                        "celsius": 34,
                        "name": "Thermal board Sensor 4",
                        "status": "ok"
                      },
                      {
                        "celsius": 47,
                        "name": "PFE Die Sensor",
                        "status": "ok"
                      }
                    ],
                    "tmc_fpga_version": "",
                    "uboot_version": "1.6",
                    "uptime": 6156840,
                    "vc_links": [],
                    "vc_mode": "HiGiG",
                    "vc_role": "master",
                    "vc_state": "present",
                    "version": "22.4R3.25"
                  }
                ],
                "name": "ld-cup-idf-bb",
                "org_id": "9777c1a0-6ef6-11e6-8bbf-02e208b2d34f",
                "route_summary_stats": {
                  "fib_routes": 2,
                  "max_unicast_routes_supported": 32150,
                  "rib_routes": 12,
                  "total_routes": 3
                },
                "serial": "EY2523AN0483",
                "service_stat": {},
                "site_id": "978c48e6-6ef6-11e6-8bbf-02e208b2d34f",
                "status": "connected",
                "uptime": 6156843,
                "vc_mac": null,
                "vc_setup_info": {
                  "config_type": "nonprovisioned",
                  "err_missing_dev_id_fpc": false
                },
                "version": "22.4R3.25"
              },
              {
                "ap_redundancy": null,
                "arp_table_stats": {
                  "arp_table_count": 1,
                  "max_entries_supported": 16000
                },
                "cert_expiry": null,
                "clients": [
                  {
                    "device_mac": "ec7c5c6ca8b6",
                    "hostname": null,
                    "mac": "0c8ddb49a2c0",
                    "port_id": "ge-0/2/0,me0"
                  }
                ],
                "clients_stats": {
                  "total": {
                    "num_aps": [
                      0
                    ],
                    "num_wired_clients": 1
                  }
                },
                "config_status": "COMMITED",
                "cpu_stat": {
                  "idle": 88,
                  "interrupt": 1,
                  "load_avg": [
                    0.42,
                    0.48,
                    0.43
                  ],
                  "system": 5,
                  "user": 7
                },
                "created_time": 1719595355,
                "deviceprofile_id": null,
                "dhcpd_stat": {},
                "evpntopo_id": null,
                "fw_versions_outofsync": false,
                "fwupdate": null,
                "has_pcap": false,
                "hostname": "CPPM_TEST_JUNIPER",
                "hw_rev": "E",
                "id": "00000000-0000-0000-1000-ec7c5c6ca8b6",
                "if_stat": {
                  "ge-0/0/0.0": {
                    "address_mode": null,
                    "ips": null,
                    "nat_addresses": null,
                    "network_name": null,
                    "port_id": "ge-0/0/0",
                    "port_usage": null,
                    "redundancy_state": null,
                    "rx_bytes": 13396,
                    "rx_pkts": 67,
                    "servp_info": null,
                    "tx_bytes": 32692,
                    "tx_pkts": 74,
                    "up": false,
                    "vlan": null,
                    "wan_name": null,
                    "wan_type": null
                  },
                  "ge-0/0/1.0": {
                    "address_mode": null,
                    "ips": null,
                    "nat_addresses": null,
                    "network_name": null,
                    "port_id": "ge-0/0/1",
                    "port_usage": null,
                    "redundancy_state": null,
                    "rx_bytes": 240,
                    "rx_pkts": 4,
                    "servp_info": null,
                    "tx_bytes": 5224,
                    "tx_pkts": 11,
                    "up": false,
                    "vlan": null,
                    "wan_name": null,
                    "wan_type": null
                  },
                  "ge-0/0/10.0": {
                    "address_mode": null,
                    "ips": null,
                    "nat_addresses": null,
                    "network_name": null,
                    "port_id": "ge-0/0/10",
                    "port_usage": null,
                    "redundancy_state": null,
                    "rx_bytes": 0,
                    "rx_pkts": 0,
                    "servp_info": null,
                    "tx_bytes": 0,
                    "tx_pkts": 0,
                    "up": false,
                    "vlan": null,
                    "wan_name": null,
                    "wan_type": null
                  },
                  "ge-0/0/11.0": {
                    "address_mode": null,
                    "ips": null,
                    "nat_addresses": null,
                    "network_name": null,
                    "port_id": "ge-0/0/11",
                    "port_usage": null,
                    "redundancy_state": null,
                    "rx_bytes": 0,
                    "rx_pkts": 0,
                    "servp_info": null,
                    "tx_bytes": 0,
                    "tx_pkts": 0,
                    "up": false,
                    "vlan": null,
                    "wan_name": null,
                    "wan_type": null
                  },
                  "ge-0/0/12.0": {
                    "address_mode": null,
                    "ips": null,
                    "nat_addresses": null,
                    "network_name": null,
                    "port_id": "ge-0/0/12",
                    "port_usage": null,
                    "redundancy_state": null,
                    "rx_bytes": 0,
                    "rx_pkts": 0,
                    "servp_info": null,
                    "tx_bytes": 0,
                    "tx_pkts": 0,
                    "up": false,
                    "vlan": null,
                    "wan_name": null,
                    "wan_type": null
                  },
                  "ge-0/0/13.0": {
                    "address_mode": null,
                    "ips": null,
                    "nat_addresses": null,
                    "network_name": null,
                    "port_id": "ge-0/0/13",
                    "port_usage": null,
                    "redundancy_state": null,
                    "rx_bytes": 0,
                    "rx_pkts": 0,
                    "servp_info": null,
                    "tx_bytes": 0,
                    "tx_pkts": 0,
                    "up": false,
                    "vlan": null,
                    "wan_name": null,
                    "wan_type": null
                  },
                  "ge-0/0/14.0": {
                    "address_mode": null,
                    "ips": null,
                    "nat_addresses": null,
                    "network_name": null,
                    "port_id": "ge-0/0/14",
                    "port_usage": null,
                    "redundancy_state": null,
                    "rx_bytes": 0,
                    "rx_pkts": 0,
                    "servp_info": null,
                    "tx_bytes": 0,
                    "tx_pkts": 0,
                    "up": false,
                    "vlan": null,
                    "wan_name": null,
                    "wan_type": null
                  },
                  "ge-0/0/15.0": {
                    "address_mode": null,
                    "ips": null,
                    "nat_addresses": null,
                    "network_name": null,
                    "port_id": "ge-0/0/15",
                    "port_usage": null,
                    "redundancy_state": null,
                    "rx_bytes": 0,
                    "rx_pkts": 0,
                    "servp_info": null,
                    "tx_bytes": 0,
                    "tx_pkts": 0,
                    "up": false,
                    "vlan": null,
                    "wan_name": null,
                    "wan_type": null
                  },
                  "ge-0/0/16.0": {
                    "address_mode": null,
                    "ips": null,
                    "nat_addresses": null,
                    "network_name": null,
                    "port_id": "ge-0/0/16",
                    "port_usage": null,
                    "redundancy_state": null,
                    "rx_bytes": 0,
                    "rx_pkts": 0,
                    "servp_info": null,
                    "tx_bytes": 0,
                    "tx_pkts": 0,
                    "up": false,
                    "vlan": null,
                    "wan_name": null,
                    "wan_type": null
                  },
                  "ge-0/0/17.0": {
                    "address_mode": null,
                    "ips": null,
                    "nat_addresses": null,
                    "network_name": null,
                    "port_id": "ge-0/0/17",
                    "port_usage": null,
                    "redundancy_state": null,
                    "rx_bytes": 0,
                    "rx_pkts": 0,
                    "servp_info": null,
                    "tx_bytes": 0,
                    "tx_pkts": 0,
                    "up": false,
                    "vlan": null,
                    "wan_name": null,
                    "wan_type": null
                  },
                  "ge-0/0/18.0": {
                    "address_mode": null,
                    "ips": null,
                    "nat_addresses": null,
                    "network_name": null,
                    "port_id": "ge-0/0/18",
                    "port_usage": null,
                    "redundancy_state": null,
                    "rx_bytes": 0,
                    "rx_pkts": 0,
                    "servp_info": null,
                    "tx_bytes": 0,
                    "tx_pkts": 0,
                    "up": false,
                    "vlan": null,
                    "wan_name": null,
                    "wan_type": null
                  },
                  "ge-0/0/19.0": {
                    "address_mode": null,
                    "ips": null,
                    "nat_addresses": null,
                    "network_name": null,
                    "port_id": "ge-0/0/19",
                    "port_usage": null,
                    "redundancy_state": null,
                    "rx_bytes": 0,
                    "rx_pkts": 0,
                    "servp_info": null,
                    "tx_bytes": 0,
                    "tx_pkts": 0,
                    "up": false,
                    "vlan": null,
                    "wan_name": null,
                    "wan_type": null
                  },
                  "ge-0/0/2.0": {
                    "address_mode": null,
                    "ips": null,
                    "nat_addresses": null,
                    "network_name": null,
                    "port_id": "ge-0/0/2",
                    "port_usage": null,
                    "redundancy_state": null,
                    "rx_bytes": 0,
                    "rx_pkts": 0,
                    "servp_info": null,
                    "tx_bytes": 0,
                    "tx_pkts": 0,
                    "up": false,
                    "vlan": null,
                    "wan_name": null,
                    "wan_type": null
                  },
                  "ge-0/0/20.0": {
                    "address_mode": null,
                    "ips": null,
                    "nat_addresses": null,
                    "network_name": null,
                    "port_id": "ge-0/0/20",
                    "port_usage": null,
                    "redundancy_state": null,
                    "rx_bytes": 0,
                    "rx_pkts": 0,
                    "servp_info": null,
                    "tx_bytes": 0,
                    "tx_pkts": 0,
                    "up": false,
                    "vlan": null,
                    "wan_name": null,
                    "wan_type": null
                  },
                  "ge-0/0/21.0": {
                    "address_mode": null,
                    "ips": null,
                    "nat_addresses": null,
                    "network_name": null,
                    "port_id": "ge-0/0/21",
                    "port_usage": null,
                    "redundancy_state": null,
                    "rx_bytes": 0,
                    "rx_pkts": 0,
                    "servp_info": null,
                    "tx_bytes": 0,
                    "tx_pkts": 0,
                    "up": false,
                    "vlan": null,
                    "wan_name": null,
                    "wan_type": null
                  },
                  "ge-0/0/22.0": {
                    "address_mode": null,
                    "ips": null,
                    "nat_addresses": null,
                    "network_name": null,
                    "port_id": "ge-0/0/22",
                    "port_usage": null,
                    "redundancy_state": null,
                    "rx_bytes": 0,
                    "rx_pkts": 0,
                    "servp_info": null,
                    "tx_bytes": 0,
                    "tx_pkts": 0,
                    "up": false,
                    "vlan": null,
                    "wan_name": null,
                    "wan_type": null
                  },
                  "ge-0/0/23.0": {
                    "address_mode": null,
                    "ips": null,
                    "nat_addresses": null,
                    "network_name": null,
                    "port_id": "ge-0/0/23",
                    "port_usage": null,
                    "redundancy_state": null,
                    "rx_bytes": 0,
                    "rx_pkts": 0,
                    "servp_info": null,
                    "tx_bytes": 0,
                    "tx_pkts": 0,
                    "up": false,
                    "vlan": null,
                    "wan_name": null,
                    "wan_type": null
                  },
                  "ge-0/0/24.0": {
                    "address_mode": null,
                    "ips": null,
                    "nat_addresses": null,
                    "network_name": null,
                    "port_id": "ge-0/0/24",
                    "port_usage": null,
                    "redundancy_state": null,
                    "rx_bytes": 0,
                    "rx_pkts": 0,
                    "servp_info": null,
                    "tx_bytes": 0,
                    "tx_pkts": 0,
                    "up": false,
                    "vlan": null,
                    "wan_name": null,
                    "wan_type": null
                  },
                  "ge-0/0/25.0": {
                    "address_mode": null,
                    "ips": null,
                    "nat_addresses": null,
                    "network_name": null,
                    "port_id": "ge-0/0/25",
                    "port_usage": null,
                    "redundancy_state": null,
                    "rx_bytes": 0,
                    "rx_pkts": 0,
                    "servp_info": null,
                    "tx_bytes": 0,
                    "tx_pkts": 0,
                    "up": false,
                    "vlan": null,
                    "wan_name": null,
                    "wan_type": null
                  },
                  "ge-0/0/26.0": {
                    "address_mode": null,
                    "ips": null,
                    "nat_addresses": null,
                    "network_name": null,
                    "port_id": "ge-0/0/26",
                    "port_usage": null,
                    "redundancy_state": null,
                    "rx_bytes": 0,
                    "rx_pkts": 0,
                    "servp_info": null,
                    "tx_bytes": 0,
                    "tx_pkts": 0,
                    "up": false,
                    "vlan": null,
                    "wan_name": null,
                    "wan_type": null
                  },
                  "ge-0/0/27.0": {
                    "address_mode": null,
                    "ips": null,
                    "nat_addresses": null,
                    "network_name": null,
                    "port_id": "ge-0/0/27",
                    "port_usage": null,
                    "redundancy_state": null,
                    "rx_bytes": 0,
                    "rx_pkts": 0,
                    "servp_info": null,
                    "tx_bytes": 0,
                    "tx_pkts": 0,
                    "up": false,
                    "vlan": null,
                    "wan_name": null,
                    "wan_type": null
                  },
                  "ge-0/0/28.0": {
                    "address_mode": null,
                    "ips": null,
                    "nat_addresses": null,
                    "network_name": null,
                    "port_id": "ge-0/0/28",
                    "port_usage": null,
                    "redundancy_state": null,
                    "rx_bytes": 0,
                    "rx_pkts": 0,
                    "servp_info": null,
                    "tx_bytes": 0,
                    "tx_pkts": 0,
                    "up": false,
                    "vlan": null,
                    "wan_name": null,
                    "wan_type": null
                  },
                  "ge-0/0/29.0": {
                    "address_mode": null,
                    "ips": null,
                    "nat_addresses": null,
                    "network_name": null,
                    "port_id": "ge-0/0/29",
                    "port_usage": null,
                    "redundancy_state": null,
                    "rx_bytes": 0,
                    "rx_pkts": 0,
                    "servp_info": null,
                    "tx_bytes": 0,
                    "tx_pkts": 0,
                    "up": false,
                    "vlan": null,
                    "wan_name": null,
                    "wan_type": null
                  },
                  "ge-0/0/3.0": {
                    "address_mode": null,
                    "ips": null,
                    "nat_addresses": null,
                    "network_name": null,
                    "port_id": "ge-0/0/3",
                    "port_usage": null,
                    "redundancy_state": null,
                    "rx_bytes": 0,
                    "rx_pkts": 0,
                    "servp_info": null,
                    "tx_bytes": 0,
                    "tx_pkts": 0,
                    "up": false,
                    "vlan": null,
                    "wan_name": null,
                    "wan_type": null
                  },
                  "ge-0/0/30.0": {
                    "address_mode": null,
                    "ips": null,
                    "nat_addresses": null,
                    "network_name": null,
                    "port_id": "ge-0/0/30",
                    "port_usage": null,
                    "redundancy_state": null,
                    "rx_bytes": 0,
                    "rx_pkts": 0,
                    "servp_info": null,
                    "tx_bytes": 0,
                    "tx_pkts": 0,
                    "up": false,
                    "vlan": null,
                    "wan_name": null,
                    "wan_type": null
                  },
                  "ge-0/0/31.0": {
                    "address_mode": null,
                    "ips": null,
                    "nat_addresses": null,
                    "network_name": null,
                    "port_id": "ge-0/0/31",
                    "port_usage": null,
                    "redundancy_state": null,
                    "rx_bytes": 0,
                    "rx_pkts": 0,
                    "servp_info": null,
                    "tx_bytes": 0,
                    "tx_pkts": 0,
                    "up": false,
                    "vlan": null,
                    "wan_name": null,
                    "wan_type": null
                  },
                  "ge-0/0/32.0": {
                    "address_mode": null,
                    "ips": null,
                    "nat_addresses": null,
                    "network_name": null,
                    "port_id": "ge-0/0/32",
                    "port_usage": null,
                    "redundancy_state": null,
                    "rx_bytes": 0,
                    "rx_pkts": 0,
                    "servp_info": null,
                    "tx_bytes": 0,
                    "tx_pkts": 0,
                    "up": false,
                    "vlan": null,
                    "wan_name": null,
                    "wan_type": null
                  },
                  "ge-0/0/33.0": {
                    "address_mode": null,
                    "ips": null,
                    "nat_addresses": null,
                    "network_name": null,
                    "port_id": "ge-0/0/33",
                    "port_usage": null,
                    "redundancy_state": null,
                    "rx_bytes": 0,
                    "rx_pkts": 0,
                    "servp_info": null,
                    "tx_bytes": 0,
                    "tx_pkts": 0,
                    "up": false,
                    "vlan": null,
                    "wan_name": null,
                    "wan_type": null
                  },
                  "ge-0/0/34.0": {
                    "address_mode": null,
                    "ips": null,
                    "nat_addresses": null,
                    "network_name": null,
                    "port_id": "ge-0/0/34",
                    "port_usage": null,
                    "redundancy_state": null,
                    "rx_bytes": 0,
                    "rx_pkts": 0,
                    "servp_info": null,
                    "tx_bytes": 0,
                    "tx_pkts": 0,
                    "up": false,
                    "vlan": null,
                    "wan_name": null,
                    "wan_type": null
                  },
                  "ge-0/0/35.0": {
                    "address_mode": null,
                    "ips": null,
                    "nat_addresses": null,
                    "network_name": null,
                    "port_id": "ge-0/0/35",
                    "port_usage": null,
                    "redundancy_state": null,
                    "rx_bytes": 0,
                    "rx_pkts": 0,
                    "servp_info": null,
                    "tx_bytes": 0,
                    "tx_pkts": 0,
                    "up": false,
                    "vlan": null,
                    "wan_name": null,
                    "wan_type": null
                  },
                  "ge-0/0/36.0": {
                    "address_mode": null,
                    "ips": null,
                    "nat_addresses": null,
                    "network_name": null,
                    "port_id": "ge-0/0/36",
                    "port_usage": null,
                    "redundancy_state": null,
                    "rx_bytes": 0,
                    "rx_pkts": 0,
                    "servp_info": null,
                    "tx_bytes": 0,
                    "tx_pkts": 0,
                    "up": false,
                    "vlan": null,
                    "wan_name": null,
                    "wan_type": null
                  },
                  "ge-0/0/37.0": {
                    "address_mode": null,
                    "ips": null,
                    "nat_addresses": null,
                    "network_name": null,
                    "port_id": "ge-0/0/37",
                    "port_usage": null,
                    "redundancy_state": null,
                    "rx_bytes": 0,
                    "rx_pkts": 0,
                    "servp_info": null,
                    "tx_bytes": 0,
                    "tx_pkts": 0,
                    "up": false,
                    "vlan": null,
                    "wan_name": null,
                    "wan_type": null
                  },
                  "ge-0/0/38.0": {
                    "address_mode": null,
                    "ips": null,
                    "nat_addresses": null,
                    "network_name": null,
                    "port_id": "ge-0/0/38",
                    "port_usage": null,
                    "redundancy_state": null,
                    "rx_bytes": 0,
                    "rx_pkts": 0,
                    "servp_info": null,
                    "tx_bytes": 0,
                    "tx_pkts": 0,
                    "up": false,
                    "vlan": null,
                    "wan_name": null,
                    "wan_type": null
                  },
                  "ge-0/0/39.0": {
                    "address_mode": null,
                    "ips": null,
                    "nat_addresses": null,
                    "network_name": null,
                    "port_id": "ge-0/0/39",
                    "port_usage": null,
                    "redundancy_state": null,
                    "rx_bytes": 0,
                    "rx_pkts": 0,
                    "servp_info": null,
                    "tx_bytes": 0,
                    "tx_pkts": 0,
                    "up": false,
                    "vlan": null,
                    "wan_name": null,
                    "wan_type": null
                  },
                  "ge-0/0/4.0": {
                    "address_mode": null,
                    "ips": null,
                    "nat_addresses": null,
                    "network_name": null,
                    "port_id": "ge-0/0/4",
                    "port_usage": null,
                    "redundancy_state": null,
                    "rx_bytes": 0,
                    "rx_pkts": 0,
                    "servp_info": null,
                    "tx_bytes": 0,
                    "tx_pkts": 0,
                    "up": false,
                    "vlan": null,
                    "wan_name": null,
                    "wan_type": null
                  },
                  "ge-0/0/40.0": {
                    "address_mode": null,
                    "ips": null,
                    "nat_addresses": null,
                    "network_name": null,
                    "port_id": "ge-0/0/40",
                    "port_usage": null,
                    "redundancy_state": null,
                    "rx_bytes": 0,
                    "rx_pkts": 0,
                    "servp_info": null,
                    "tx_bytes": 0,
                    "tx_pkts": 0,
                    "up": false,
                    "vlan": null,
                    "wan_name": null,
                    "wan_type": null
                  },
                  "ge-0/0/41.0": {
                    "address_mode": null,
                    "ips": null,
                    "nat_addresses": null,
                    "network_name": null,
                    "port_id": "ge-0/0/41",
                    "port_usage": null,
                    "redundancy_state": null,
                    "rx_bytes": 0,
                    "rx_pkts": 0,
                    "servp_info": null,
                    "tx_bytes": 0,
                    "tx_pkts": 0,
                    "up": false,
                    "vlan": null,
                    "wan_name": null,
                    "wan_type": null
                  },
                  "ge-0/0/42.0": {
                    "address_mode": null,
                    "ips": null,
                    "nat_addresses": null,
                    "network_name": null,
                    "port_id": "ge-0/0/42",
                    "port_usage": null,
                    "redundancy_state": null,
                    "rx_bytes": 0,
                    "rx_pkts": 0,
                    "servp_info": null,
                    "tx_bytes": 0,
                    "tx_pkts": 0,
                    "up": false,
                    "vlan": null,
                    "wan_name": null,
                    "wan_type": null
                  },
                  "ge-0/0/43.0": {
                    "address_mode": null,
                    "ips": null,
                    "nat_addresses": null,
                    "network_name": null,
                    "port_id": "ge-0/0/43",
                    "port_usage": null,
                    "redundancy_state": null,
                    "rx_bytes": 0,
                    "rx_pkts": 0,
                    "servp_info": null,
                    "tx_bytes": 0,
                    "tx_pkts": 0,
                    "up": false,
                    "vlan": null,
                    "wan_name": null,
                    "wan_type": null
                  },
                  "ge-0/0/44.0": {
                    "address_mode": null,
                    "ips": null,
                    "nat_addresses": null,
                    "network_name": null,
                    "port_id": "ge-0/0/44",
                    "port_usage": null,
                    "redundancy_state": null,
                    "rx_bytes": 0,
                    "rx_pkts": 0,
                    "servp_info": null,
                    "tx_bytes": 0,
                    "tx_pkts": 0,
                    "up": false,
                    "vlan": null,
                    "wan_name": null,
                    "wan_type": null
                  },
                  "ge-0/0/45.0": {
                    "address_mode": null,
                    "ips": null,
                    "nat_addresses": null,
                    "network_name": null,
                    "port_id": "ge-0/0/45",
                    "port_usage": null,
                    "redundancy_state": null,
                    "rx_bytes": 0,
                    "rx_pkts": 0,
                    "servp_info": null,
                    "tx_bytes": 0,
                    "tx_pkts": 0,
                    "up": false,
                    "vlan": null,
                    "wan_name": null,
                    "wan_type": null
                  },
                  "ge-0/0/46.0": {
                    "address_mode": null,
                    "ips": null,
                    "nat_addresses": null,
                    "network_name": null,
                    "port_id": "ge-0/0/46",
                    "port_usage": null,
                    "redundancy_state": null,
                    "rx_bytes": 0,
                    "rx_pkts": 0,
                    "servp_info": null,
                    "tx_bytes": 0,
                    "tx_pkts": 0,
                    "up": false,
                    "vlan": null,
                    "wan_name": null,
                    "wan_type": null
                  },
                  "ge-0/0/47.0": {
                    "address_mode": null,
                    "ips": null,
                    "nat_addresses": null,
                    "network_name": null,
                    "port_id": "ge-0/0/47",
                    "port_usage": null,
                    "redundancy_state": null,
                    "rx_bytes": 0,
                    "rx_pkts": 0,
                    "servp_info": null,
                    "tx_bytes": 0,
                    "tx_pkts": 0,
                    "up": false,
                    "vlan": null,
                    "wan_name": null,
                    "wan_type": null
                  },
                  "ge-0/0/5.0": {
                    "address_mode": null,
                    "ips": null,
                    "nat_addresses": null,
                    "network_name": null,
                    "port_id": "ge-0/0/5",
                    "port_usage": null,
                    "redundancy_state": null,
                    "rx_bytes": 0,
                    "rx_pkts": 0,
                    "servp_info": null,
                    "tx_bytes": 0,
                    "tx_pkts": 0,
                    "up": false,
                    "vlan": null,
                    "wan_name": null,
                    "wan_type": null
                  },
                  "ge-0/0/6.0": {
                    "address_mode": null,
                    "ips": null,
                    "nat_addresses": null,
                    "network_name": null,
                    "port_id": "ge-0/0/6",
                    "port_usage": null,
                    "redundancy_state": null,
                    "rx_bytes": 0,
                    "rx_pkts": 0,
                    "servp_info": null,
                    "tx_bytes": 0,
                    "tx_pkts": 0,
                    "up": false,
                    "vlan": null,
                    "wan_name": null,
                    "wan_type": null
                  },
                  "ge-0/0/7.0": {
                    "address_mode": null,
                    "ips": null,
                    "nat_addresses": null,
                    "network_name": null,
                    "port_id": "ge-0/0/7",
                    "port_usage": null,
                    "redundancy_state": null,
                    "rx_bytes": 0,
                    "rx_pkts": 0,
                    "servp_info": null,
                    "tx_bytes": 0,
                    "tx_pkts": 0,
                    "up": false,
                    "vlan": null,
                    "wan_name": null,
                    "wan_type": null
                  },
                  "ge-0/0/8.0": {
                    "address_mode": null,
                    "ips": null,
                    "nat_addresses": null,
                    "network_name": null,
                    "port_id": "ge-0/0/8",
                    "port_usage": null,
                    "redundancy_state": null,
                    "rx_bytes": 0,
                    "rx_pkts": 0,
                    "servp_info": null,
                    "tx_bytes": 0,
                    "tx_pkts": 0,
                    "up": false,
                    "vlan": null,
                    "wan_name": null,
                    "wan_type": null
                  },
                  "ge-0/0/9.0": {
                    "address_mode": null,
                    "ips": null,
                    "nat_addresses": null,
                    "network_name": null,
                    "port_id": "ge-0/0/9",
                    "port_usage": null,
                    "redundancy_state": null,
                    "rx_bytes": 0,
                    "rx_pkts": 0,
                    "servp_info": null,
                    "tx_bytes": 0,
                    "tx_pkts": 0,
                    "up": false,
                    "vlan": null,
                    "wan_name": null,
                    "wan_type": null
                  },
                  "ge-0/2/0.0": {
                    "address_mode": null,
                    "ips": null,
                    "nat_addresses": null,
                    "network_name": null,
                    "port_id": "ge-0/2/0",
                    "port_usage": null,
                    "redundancy_state": null,
                    "rx_bytes": 339676,
                    "rx_pkts": 4928,
                    "servp_info": null,
                    "tx_bytes": 85371,
                    "tx_pkts": 202,
                    "up": true,
                    "vlan": null,
                    "wan_name": null,
                    "wan_type": null
                  },
                  "irb.0": {
                    "address_mode": null,
                    "ips": [
                      "fe80:0:0:0:ee7c:5c00:6c:a8b6/64"
                    ],
                    "nat_addresses": null,
                    "network_name": null,
                    "port_id": "irb",
                    "port_usage": null,
                    "redundancy_state": null,
                    "rx_bytes": 0,
                    "rx_pkts": 0,
                    "servp_info": {
                      "asn": null,
                      "city": null,
                      "country_code": null,
                      "latitude": null,
                      "longitude": null,
                      "org": null,
                      "region_code": null
                    },
                    "tx_bytes": 3167,
                    "tx_pkts": 31,
                    "up": true,
                    "vlan": 1,
                    "wan_name": null,
                    "wan_type": null
                  },
                  "lo0.16385": {
                    "address_mode": null,
                    "ips": null,
                    "nat_addresses": null,
                    "network_name": null,
                    "port_id": "lo0",
                    "port_usage": null,
                    "redundancy_state": null,
                    "rx_bytes": 33751109,
                    "rx_pkts": 202148,
                    "servp_info": null,
                    "tx_bytes": 33751109,
                    "tx_pkts": 202148,
                    "up": true,
                    "vlan": null,
                    "wan_name": null,
                    "wan_type": null
                  },
                  "me0.0": {
                    "address_mode": null,
                    "ips": null,
                    "nat_addresses": null,
                    "network_name": null,
                    "port_id": "me0",
                    "port_usage": null,
                    "redundancy_state": null,
                    "rx_bytes": 3480153,
                    "rx_pkts": 42976,
                    "servp_info": null,
                    "tx_bytes": 22461579,
                    "tx_pkts": 54001,
                    "up": true,
                    "vlan": null,
                    "wan_name": null,
                    "wan_type": null
                  },
                  "vme.0": {
                    "address_mode": null,
                    "ips": [
                      "10.20.99.11/24",
                      "fe80:0:0:0:ee7c:5cff:fe6c:a8b7/64"
                    ],
                    "nat_addresses": null,
                    "network_name": null,
                    "port_id": "vme",
                    "port_usage": null,
                    "redundancy_state": null,
                    "rx_bytes": 3039160,
                    "rx_pkts": 36601,
                    "servp_info": {
                      "asn": null,
                      "city": null,
                      "country_code": null,
                      "latitude": null,
                      "longitude": null,
                      "org": null,
                      "region_code": null
                    },
                    "tx_bytes": 22404703,
                    "tx_pkts": 53764,
                    "up": true,
                    "vlan": null,
                    "wan_name": null,
                    "wan_type": null
                  }
                },
                "ip": "10.20.99.11",
                "ip_stat": {
                  "dhcp_server": null,
                  "dns": null,
                  "dns_suffix": null,
                  "gateway": "10.20.99.1",
                  "gateway6": null,
                  "ip": "fe80:0:0:0:ee7c:5c00:6c:a8b6",
                  "ip6": null,
                  "ips": {
                    "vlan1": "fe80:0:0:0:ee7c:5c00:6c:a8b6,10.20.99.11,fe80:0:0:0:ee7c:5cff:fe6c:a8b7"
                  },
                  "netmask": "255.255.255.255",
                  "netmask6": null
                },
                "last_seen": 1720649470,
                "last_trouble": null,
                "mac": "ec7c5c6ca8b6",
                "mac_table_stats": {
                  "mac_table_count": 9,
                  "max_mac_entries_supported": 32000
                },
                "map_id": null,
                "memory_stat": {
                  "usage": 46
                },
                "model": "EX3400-48P",
                "modified_time": 1719595473,
                "module_stat": [
                  {
                    "backup_version": "",
                    "bios_version": "",
                    "cpld_version": "",
                    "errors": null,
                    "fans": [
                      {
                        "airflow": "out",
                        "name": "Fan Tray 0 Fan 0",
                        "status": "ok"
                      },
                      {
                        "airflow": "out",
                        "name": "Fan Tray 1 Fan 0",
                        "status": "ok"
                      }
                    ],
                    "fpc_idx": 0,
                    "fpga_version": "",
                    "last_seen": null,
                    "model": "EX3400-48P",
                    "optics_cpld_version": "",
                    "pending_version": "",
                    "pics": [
                      {
                        "index": 0,
                        "model_number": "EX3400-48P",
                        "port_groups": [
                          {
                            "count": 48,
                            "type": "GE"
                          }
                        ]
                      },
                      {
                        "index": 1,
                        "model_number": "EX3400-48P",
                        "port_groups": [
                          {
                            "count": 2,
                            "type": "QSFP/QSFP+"
                          }
                        ]
                      },
                      {
                        "index": 2,
                        "model_number": "EX3400-48P",
                        "port_groups": [
                          {
                            "count": 4,
                            "type": "SFP/SFP+"
                          }
                        ]
                      }
                    ],
                    "poe": {
                      "max_power": 740,
                      "power_draw": 0
                    },
                    "poe_version": "1.6.1.21.1",
                    "power_cpld_version": "",
                    "psus": [
                      {
                        "name": "Power Supply 0",
                        "status": "ok"
                      },
                      {
                        "name": "Power Supply 1",
                        "status": "absent"
                      }
                    ],
                    "re_fpga_version": "",
                    "recovery_version": "20.2R3.9",
                    "serial": "NY3622050533",
                    "status": null,
                    "temperatures": [
                      {
                        "celsius": 35,
                        "name": "CPU Sensor",
                        "status": "ok"
                      },
                      {
                        "celsius": 35,
                        "name": "PSU Sensor",
                        "status": "ok"
                      }
                    ],
                    "tmc_fpga_version": "",
                    "uboot_version": "U-Boot 2016.01-rc1 (Sep 01 2016 - 16:00:13 -0700)  1.3.0",
                    "uptime": 5160,
                    "vc_links": [],
                    "vc_mode": "HiGiG",
                    "vc_role": "master",
                    "vc_state": "present",
                    "version": "20.2R3.9"
                  }
                ],
                "name": "test-staging",
                "org_id": "9777c1a0-6ef6-11e6-8bbf-02e208b2d34f",
                "route_summary_stats": {
                  "fib_routes": 3,
                  "max_unicast_routes_supported": 36000,
                  "rib_routes": 14,
                  "total_routes": 3
                },
                "serial": "NY3622050533",
                "service_stat": {},
                "site_id": "6546cf6f-b640-43cc-927a-d7fcbbba1772",
                "status": "disconnected",
                "uptime": 5141,
                "vc_mac": null,
                "vc_setup_info": {
                  "config_type": "nonprovisioned",
                  "err_missing_dev_id_fpc": false
                },
                "version": "20.2R3.9"
              },
              {
                "ap_redundancy": null,
                "arp_table_stats": {
                  "arp_table_count": 1,
                  "max_entries_supported": 16000
                },
                "cert_expiry": null,
                "clients": [
                  {
                    "device_mac": "fc3342ab955e",
                    "hostname": null,
                    "mac": "fc3342aba9a1",
                    "port_id": "ge-0/0/1"
                  }
                ],
                "clients_stats": {
                  "total": {
                    "num_aps": [
                      0
                    ],
                    "num_wired_clients": 1
                  }
                },
                "config_status": "NO_CHANGE",
                "cpu_stat": {
                  "idle": 82,
                  "interrupt": 1,
                  "load_avg": [
                    0.6,
                    0.56,
                    0.57
                  ],
                  "system": 4,
                  "user": 13
                },
                "created_time": 1720727389,
                "deviceprofile_id": null,
                "dhcpd_stat": {},
                "evpntopo_id": null,
                "fw_versions_outofsync": false,
                "fwupdate": null,
                "has_pcap": true,
                "hostname": "",
                "hw_rev": "M",
                "id": "00000000-0000-0000-1000-fc3342ab955e",
                "if_stat": {
                  "ge-0/0/0.0": {
                    "address_mode": null,
                    "ips": null,
                    "nat_addresses": null,
                    "network_name": null,
                    "port_id": "ge-0/0/0",
                    "port_usage": null,
                    "redundancy_state": null,
                    "rx_bytes": 0,
                    "rx_pkts": 0,
                    "servp_info": null,
                    "tx_bytes": 0,
                    "tx_pkts": 0,
                    "up": true,
                    "vlan": null,
                    "wan_name": null,
                    "wan_type": null
                  },
                  "ge-0/0/1.0": {
                    "address_mode": null,
                    "ips": null,
                    "nat_addresses": null,
                    "network_name": null,
                    "port_id": "ge-0/0/1",
                    "port_usage": null,
                    "redundancy_state": null,
                    "rx_bytes": 0,
                    "rx_pkts": 196096,
                    "servp_info": null,
                    "tx_bytes": 0,
                    "tx_pkts": 27290,
                    "up": true,
                    "vlan": null,
                    "wan_name": null,
                    "wan_type": null
                  },
                  "ge-0/0/10.0": {
                    "address_mode": null,
                    "ips": null,
                    "nat_addresses": null,
                    "network_name": null,
                    "port_id": "ge-0/0/10",
                    "port_usage": null,
                    "redundancy_state": null,
                    "rx_bytes": 0,
                    "rx_pkts": 0,
                    "servp_info": null,
                    "tx_bytes": 0,
                    "tx_pkts": 0,
                    "up": true,
                    "vlan": null,
                    "wan_name": null,
                    "wan_type": null
                  },
                  "ge-0/0/11.0": {
                    "address_mode": null,
                    "ips": null,
                    "nat_addresses": null,
                    "network_name": null,
                    "port_id": "ge-0/0/11",
                    "port_usage": null,
                    "redundancy_state": null,
                    "rx_bytes": 0,
                    "rx_pkts": 0,
                    "servp_info": null,
                    "tx_bytes": 0,
                    "tx_pkts": 0,
                    "up": true,
                    "vlan": null,
                    "wan_name": null,
                    "wan_type": null
                  },
                  "ge-0/0/12.0": {
                    "address_mode": null,
                    "ips": null,
                    "nat_addresses": null,
                    "network_name": null,
                    "port_id": "ge-0/0/12",
                    "port_usage": null,
                    "redundancy_state": null,
                    "rx_bytes": 0,
                    "rx_pkts": 0,
                    "servp_info": null,
                    "tx_bytes": 0,
                    "tx_pkts": 0,
                    "up": true,
                    "vlan": null,
                    "wan_name": null,
                    "wan_type": null
                  },
                  "ge-0/0/13.0": {
                    "address_mode": null,
                    "ips": null,
                    "nat_addresses": null,
                    "network_name": null,
                    "port_id": "ge-0/0/13",
                    "port_usage": null,
                    "redundancy_state": null,
                    "rx_bytes": 0,
                    "rx_pkts": 0,
                    "servp_info": null,
                    "tx_bytes": 0,
                    "tx_pkts": 0,
                    "up": true,
                    "vlan": null,
                    "wan_name": null,
                    "wan_type": null
                  },
                  "ge-0/0/14.0": {
                    "address_mode": null,
                    "ips": null,
                    "nat_addresses": null,
                    "network_name": null,
                    "port_id": "ge-0/0/14",
                    "port_usage": null,
                    "redundancy_state": null,
                    "rx_bytes": 0,
                    "rx_pkts": 0,
                    "servp_info": null,
                    "tx_bytes": 0,
                    "tx_pkts": 0,
                    "up": true,
                    "vlan": null,
                    "wan_name": null,
                    "wan_type": null
                  },
                  "ge-0/0/15.0": {
                    "address_mode": null,
                    "ips": null,
                    "nat_addresses": null,
                    "network_name": null,
                    "port_id": "ge-0/0/15",
                    "port_usage": null,
                    "redundancy_state": null,
                    "rx_bytes": 0,
                    "rx_pkts": 0,
                    "servp_info": null,
                    "tx_bytes": 0,
                    "tx_pkts": 0,
                    "up": true,
                    "vlan": null,
                    "wan_name": null,
                    "wan_type": null
                  },
                  "ge-0/0/16.0": {
                    "address_mode": null,
                    "ips": null,
                    "nat_addresses": null,
                    "network_name": null,
                    "port_id": "ge-0/0/16",
                    "port_usage": null,
                    "redundancy_state": null,
                    "rx_bytes": 0,
                    "rx_pkts": 0,
                    "servp_info": null,
                    "tx_bytes": 0,
                    "tx_pkts": 0,
                    "up": true,
                    "vlan": null,
                    "wan_name": null,
                    "wan_type": null
                  },
                  "ge-0/0/17.0": {
                    "address_mode": null,
                    "ips": null,
                    "nat_addresses": null,
                    "network_name": null,
                    "port_id": "ge-0/0/17",
                    "port_usage": null,
                    "redundancy_state": null,
                    "rx_bytes": 0,
                    "rx_pkts": 0,
                    "servp_info": null,
                    "tx_bytes": 0,
                    "tx_pkts": 0,
                    "up": true,
                    "vlan": null,
                    "wan_name": null,
                    "wan_type": null
                  },
                  "ge-0/0/18.0": {
                    "address_mode": null,
                    "ips": null,
                    "nat_addresses": null,
                    "network_name": null,
                    "port_id": "ge-0/0/18",
                    "port_usage": null,
                    "redundancy_state": null,
                    "rx_bytes": 0,
                    "rx_pkts": 0,
                    "servp_info": null,
                    "tx_bytes": 0,
                    "tx_pkts": 0,
                    "up": true,
                    "vlan": null,
                    "wan_name": null,
                    "wan_type": null
                  },
                  "ge-0/0/19.0": {
                    "address_mode": null,
                    "ips": null,
                    "nat_addresses": null,
                    "network_name": null,
                    "port_id": "ge-0/0/19",
                    "port_usage": null,
                    "redundancy_state": null,
                    "rx_bytes": 0,
                    "rx_pkts": 0,
                    "servp_info": null,
                    "tx_bytes": 0,
                    "tx_pkts": 0,
                    "up": true,
                    "vlan": null,
                    "wan_name": null,
                    "wan_type": null
                  },
                  "ge-0/0/2.0": {
                    "address_mode": null,
                    "ips": null,
                    "nat_addresses": null,
                    "network_name": null,
                    "port_id": "ge-0/0/2",
                    "port_usage": null,
                    "redundancy_state": null,
                    "rx_bytes": 0,
                    "rx_pkts": 0,
                    "servp_info": null,
                    "tx_bytes": 0,
                    "tx_pkts": 0,
                    "up": true,
                    "vlan": null,
                    "wan_name": null,
                    "wan_type": null
                  },
                  "ge-0/0/20.0": {
                    "address_mode": null,
                    "ips": null,
                    "nat_addresses": null,
                    "network_name": null,
                    "port_id": "ge-0/0/20",
                    "port_usage": null,
                    "redundancy_state": null,
                    "rx_bytes": 0,
                    "rx_pkts": 0,
                    "servp_info": null,
                    "tx_bytes": 0,
                    "tx_pkts": 0,
                    "up": true,
                    "vlan": null,
                    "wan_name": null,
                    "wan_type": null
                  },
                  "ge-0/0/21.0": {
                    "address_mode": null,
                    "ips": null,
                    "nat_addresses": null,
                    "network_name": null,
                    "port_id": "ge-0/0/21",
                    "port_usage": null,
                    "redundancy_state": null,
                    "rx_bytes": 0,
                    "rx_pkts": 0,
                    "servp_info": null,
                    "tx_bytes": 0,
                    "tx_pkts": 0,
                    "up": true,
                    "vlan": null,
                    "wan_name": null,
                    "wan_type": null
                  },
                  "ge-0/0/22.0": {
                    "address_mode": null,
                    "ips": null,
                    "nat_addresses": null,
                    "network_name": null,
                    "port_id": "ge-0/0/22",
                    "port_usage": null,
                    "redundancy_state": null,
                    "rx_bytes": 0,
                    "rx_pkts": 0,
                    "servp_info": null,
                    "tx_bytes": 0,
                    "tx_pkts": 0,
                    "up": true,
                    "vlan": null,
                    "wan_name": null,
                    "wan_type": null
                  },
                  "ge-0/0/23.0": {
                    "address_mode": null,
                    "ips": null,
                    "nat_addresses": null,
                    "network_name": null,
                    "port_id": "ge-0/0/23",
                    "port_usage": null,
                    "redundancy_state": null,
                    "rx_bytes": 0,
                    "rx_pkts": 0,
                    "servp_info": null,
                    "tx_bytes": 0,
                    "tx_pkts": 0,
                    "up": true,
                    "vlan": null,
                    "wan_name": null,
                    "wan_type": null
                  },
                  "ge-0/0/3.0": {
                    "address_mode": null,
                    "ips": null,
                    "nat_addresses": null,
                    "network_name": null,
                    "port_id": "ge-0/0/3",
                    "port_usage": null,
                    "redundancy_state": null,
                    "rx_bytes": 0,
                    "rx_pkts": 0,
                    "servp_info": null,
                    "tx_bytes": 0,
                    "tx_pkts": 0,
                    "up": true,
                    "vlan": null,
                    "wan_name": null,
                    "wan_type": null
                  },
                  "ge-0/0/4.0": {
                    "address_mode": null,
                    "ips": null,
                    "nat_addresses": null,
                    "network_name": null,
                    "port_id": "ge-0/0/4",
                    "port_usage": null,
                    "redundancy_state": null,
                    "rx_bytes": 0,
                    "rx_pkts": 0,
                    "servp_info": null,
                    "tx_bytes": 0,
                    "tx_pkts": 0,
                    "up": true,
                    "vlan": null,
                    "wan_name": null,
                    "wan_type": null
                  },
                  "ge-0/0/5.0": {
                    "address_mode": null,
                    "ips": null,
                    "nat_addresses": null,
                    "network_name": null,
                    "port_id": "ge-0/0/5",
                    "port_usage": null,
                    "redundancy_state": null,
                    "rx_bytes": 0,
                    "rx_pkts": 0,
                    "servp_info": null,
                    "tx_bytes": 0,
                    "tx_pkts": 0,
                    "up": true,
                    "vlan": null,
                    "wan_name": null,
                    "wan_type": null
                  },
                  "ge-0/0/6.0": {
                    "address_mode": null,
                    "ips": null,
                    "nat_addresses": null,
                    "network_name": null,
                    "port_id": "ge-0/0/6",
                    "port_usage": null,
                    "redundancy_state": null,
                    "rx_bytes": 0,
                    "rx_pkts": 0,
                    "servp_info": null,
                    "tx_bytes": 0,
                    "tx_pkts": 0,
                    "up": true,
                    "vlan": null,
                    "wan_name": null,
                    "wan_type": null
                  },
                  "ge-0/0/7.0": {
                    "address_mode": null,
                    "ips": null,
                    "nat_addresses": null,
                    "network_name": null,
                    "port_id": "ge-0/0/7",
                    "port_usage": null,
                    "redundancy_state": null,
                    "rx_bytes": 0,
                    "rx_pkts": 0,
                    "servp_info": null,
                    "tx_bytes": 0,
                    "tx_pkts": 0,
                    "up": true,
                    "vlan": null,
                    "wan_name": null,
                    "wan_type": null
                  },
                  "ge-0/0/8.0": {
                    "address_mode": null,
                    "ips": null,
                    "nat_addresses": null,
                    "network_name": null,
                    "port_id": "ge-0/0/8",
                    "port_usage": null,
                    "redundancy_state": null,
                    "rx_bytes": 0,
                    "rx_pkts": 0,
                    "servp_info": null,
                    "tx_bytes": 0,
                    "tx_pkts": 0,
                    "up": true,
                    "vlan": null,
                    "wan_name": null,
                    "wan_type": null
                  },
                  "ge-0/0/9.0": {
                    "address_mode": null,
                    "ips": null,
                    "nat_addresses": null,
                    "network_name": null,
                    "port_id": "ge-0/0/9",
                    "port_usage": null,
                    "redundancy_state": null,
                    "rx_bytes": 0,
                    "rx_pkts": 0,
                    "servp_info": null,
                    "tx_bytes": 0,
                    "tx_pkts": 0,
                    "up": true,
                    "vlan": null,
                    "wan_name": null,
                    "wan_type": null
                  },
                  "irb.0": {
                    "address_mode": null,
                    "ips": [
                      "10.1.1.101/24"
                    ],
                    "nat_addresses": null,
                    "network_name": null,
                    "port_id": "irb",
                    "port_usage": null,
                    "redundancy_state": null,
                    "rx_bytes": 0,
                    "rx_pkts": 171985,
                    "servp_info": {
                      "asn": null,
                      "city": null,
                      "country_code": null,
                      "latitude": null,
                      "longitude": null,
                      "org": null,
                      "region_code": null
                    },
                    "tx_bytes": 0,
                    "tx_pkts": 22754,
                    "up": true,
                    "vlan": 1,
                    "wan_name": null,
                    "wan_type": null
                  },
                  "lo0.16385": {
                    "address_mode": null,
                    "ips": null,
                    "nat_addresses": null,
                    "network_name": null,
                    "port_id": "lo0",
                    "port_usage": null,
                    "redundancy_state": null,
                    "rx_bytes": 0,
                    "rx_pkts": 8127317,
                    "servp_info": null,
                    "tx_bytes": 0,
                    "tx_pkts": 8127360,
                    "up": true,
                    "vlan": null,
                    "wan_name": null,
                    "wan_type": null
                  },
                  "me0.0": {
                    "address_mode": null,
                    "ips": null,
                    "nat_addresses": null,
                    "network_name": null,
                    "port_id": "me0",
                    "port_usage": null,
                    "redundancy_state": null,
                    "rx_bytes": 0,
                    "rx_pkts": 0,
                    "servp_info": null,
                    "tx_bytes": 0,
                    "tx_pkts": 0,
                    "up": true,
                    "vlan": null,
                    "wan_name": null,
                    "wan_type": null
                  },
                  "vme.0": {
                    "address_mode": null,
                    "ips": null,
                    "nat_addresses": null,
                    "network_name": null,
                    "port_id": "vme",
                    "port_usage": null,
                    "redundancy_state": null,
                    "rx_bytes": 0,
                    "rx_pkts": 0,
                    "servp_info": null,
                    "tx_bytes": 0,
                    "tx_pkts": 0,
                    "up": true,
                    "vlan": null,
                    "wan_name": null,
                    "wan_type": null
                  }
                },
                "ip": "10.1.1.101",
                "ip_stat": {
                  "dhcp_server": null,
                  "dns": null,
                  "dns_suffix": null,
                  "gateway": "10.1.1.1",
                  "gateway6": null,
                  "ip": "10.1.1.101",
                  "ip6": null,
                  "ips": {
                    "vlan1": "10.1.1.101"
                  },
                  "netmask": "255.255.255.255",
                  "netmask6": null
                },
                "last_seen": 1720867905,
                "last_trouble": {
                  "code": "2",
                  "timestamp": 1720742362322
                },
                "mac": "fc3342ab955e",
                "mac_table_stats": {
                  "mac_table_count": 3,
                  "max_mac_entries_supported": 32000
                },
                "map_id": null,
                "memory_stat": {
                  "usage": 15
                },
                "model": "EX3400-24T",
                "modified_time": 1720728630,
                "module_stat": [
                  {
                    "backup_version": "",
                    "bios_version": "",
                    "cpld_version": "",
                    "errors": null,
                    "fans": [
                      {
                        "airflow": "out",
                        "name": "Fan Tray 0 Fan 0",
                        "status": "ok"
                      },
                      {
                        "airflow": "out",
                        "name": "Fan Tray 1 Fan 0",
                        "status": "ok"
                      }
                    ],
                    "fpc_idx": 0,
                    "fpga_version": "",
                    "last_seen": null,
                    "model": "EX3400-24T",
                    "optics_cpld_version": "",
                    "pending_version": "",
                    "pics": [
                      {
                        "index": 0,
                        "model_number": "EX3400-24T",
                        "port_groups": [
                          {
                            "count": 24,
                            "type": "GE"
                          }
                        ]
                      },
                      {
                        "index": 1,
                        "model_number": "EX3400-24T",
                        "port_groups": [
                          {
                            "count": 2,
                            "type": "QSFP/QSFP+"
                          }
                        ]
                      },
                      {
                        "index": 2,
                        "model_number": "EX3400-24T",
                        "port_groups": [
                          {
                            "count": 4,
                            "type": "SFP/SFP+"
                          }
                        ]
                      }
                    ],
                    "poe": {
                      "max_power": null,
                      "power_draw": null
                    },
                    "poe_version": "",
                    "power_cpld_version": "",
                    "psus": [
                      {
                        "name": "Power Supply 0",
                        "status": "ok"
                      },
                      {
                        "name": "Power Supply 1",
                        "status": "absent"
                      }
                    ],
                    "re_fpga_version": "",
                    "recovery_version": "",
                    "serial": "NV3619050051",
                    "status": null,
                    "temperatures": [
                      {
                        "celsius": 36,
                        "name": "CPU Sensor",
                        "status": "ok"
                      },
                      {
                        "celsius": 29,
                        "name": "PSU Sensor",
                        "status": "ok"
                      }
                    ],
                    "tmc_fpga_version": "",
                    "uboot_version": "",
                    "uptime": 126000,
                    "vc_links": [],
                    "vc_mode": "HiGiG",
                    "vc_role": "master",
                    "vc_state": "present",
                    "version": "22.4R3-S2.11"
                  }
                ],
                "name": "fc3342ab955e",
                "org_id": "9777c1a0-6ef6-11e6-8bbf-02e208b2d34f",
                "route_summary_stats": {
                  "fib_routes": 4,
                  "max_unicast_routes_supported": 36000,
                  "rib_routes": 16,
                  "total_routes": 3
                },
                "serial": "NV3619050051",
                "service_stat": {},
                "site_id": "5d3eb59c-7fd9-4605-abc9-6e70a9290eaf",
                "status": "connected",
                "uptime": 125988,
                "vc_mac": null,
                "vc_setup_info": {
                  "config_type": "nonprovisioned",
                  "err_missing_dev_id_fpc": false
                },
                "version": "22.4R3-S2.11"
              },
              {
                "ap_redundancy": null,
                "arp_table_stats": {
                  "arp_table_count": 1,
                  "max_entries_supported": 32000
                },
                "cert_expiry": 1750499845,
                "clients": [
                  {
                    "device_mac": "bc0ffefb1c44",
                    "hostname": null,
                    "mac": "4c6d5832a296",
                    "port_id": "ge-0/0/22"
                  },
                  {
                    "device_mac": "bc0ffefb1c44",
                    "hostname": null,
                    "mac": "1039e9dde9bb",
                    "port_id": "ge-0/0/21"
                  },
                  {
                    "device_mac": "bc0ffefb1c44",
                    "hostname": null,
                    "mac": "7467f79a5048",
                    "port_id": "mge-0/0/6"
                  }
                ],
                "clients_stats": {
                  "total": {
                    "num_aps": [
                      0
                    ],
                    "num_wired_clients": 3
                  }
                },
                "config_status": "NO_CHANGE",
                "cpu_stat": {
                  "idle": 80,
                  "interrupt": 0,
                  "load_avg": [
                    0.83,
                    0.92,
                    0.84
                  ],
                  "system": 8,
                  "user": 12
                },
                "created_time": 1718933397,
                "deviceprofile_id": null,
                "dhcpd_stat": {},
                "evpntopo_id": null,
                "fw_versions_outofsync": false,
                "fwupdate": {
                  "progress": null,
                  "status": "error",
                  "status_id": 3019,
                  "timestamp": 1719418039.8951876,
                  "will_retry": false
                },
                "has_pcap": true,
                "hostname": "wan-srx_toronto_sw1_41_24mp_v1",
                "hw_rev": "A",
                "id": "00000000-0000-0000-1000-bc0ffefb1c44",
                "if_stat": {
                  "ge-0/0/10.0": {
                    "address_mode": null,
                    "ips": null,
                    "nat_addresses": null,
                    "network_name": null,
                    "port_id": "ge-0/0/10",
                    "port_usage": null,
                    "redundancy_state": null,
                    "rx_bytes": 0,
                    "rx_pkts": 0,
                    "servp_info": null,
                    "tx_bytes": 0,
                    "tx_pkts": 0,
                    "up": true,
                    "vlan": null,
                    "wan_name": null,
                    "wan_type": null
                  },
                  "ge-0/0/11.0": {
                    "address_mode": null,
                    "ips": null,
                    "nat_addresses": null,
                    "network_name": null,
                    "port_id": "ge-0/0/11",
                    "port_usage": null,
                    "redundancy_state": null,
                    "rx_bytes": 0,
                    "rx_pkts": 0,
                    "servp_info": null,
                    "tx_bytes": 0,
                    "tx_pkts": 0,
                    "up": true,
                    "vlan": null,
                    "wan_name": null,
                    "wan_type": null
                  },
                  "ge-0/0/12.0": {
                    "address_mode": null,
                    "ips": null,
                    "nat_addresses": null,
                    "network_name": null,
                    "port_id": "ge-0/0/12",
                    "port_usage": null,
                    "redundancy_state": null,
                    "rx_bytes": 0,
                    "rx_pkts": 0,
                    "servp_info": null,
                    "tx_bytes": 0,
                    "tx_pkts": 0,
                    "up": true,
                    "vlan": null,
                    "wan_name": null,
                    "wan_type": null
                  },
                  "ge-0/0/13.0": {
                    "address_mode": null,
                    "ips": null,
                    "nat_addresses": null,
                    "network_name": null,
                    "port_id": "ge-0/0/13",
                    "port_usage": null,
                    "redundancy_state": null,
                    "rx_bytes": 0,
                    "rx_pkts": 0,
                    "servp_info": null,
                    "tx_bytes": 0,
                    "tx_pkts": 0,
                    "up": true,
                    "vlan": null,
                    "wan_name": null,
                    "wan_type": null
                  },
                  "ge-0/0/14.0": {
                    "address_mode": null,
                    "ips": null,
                    "nat_addresses": null,
                    "network_name": null,
                    "port_id": "ge-0/0/14",
                    "port_usage": null,
                    "redundancy_state": null,
                    "rx_bytes": 0,
                    "rx_pkts": 0,
                    "servp_info": null,
                    "tx_bytes": 0,
                    "tx_pkts": 0,
                    "up": true,
                    "vlan": null,
                    "wan_name": null,
                    "wan_type": null
                  },
                  "ge-0/0/15.0": {
                    "address_mode": null,
                    "ips": null,
                    "nat_addresses": null,
                    "network_name": null,
                    "port_id": "ge-0/0/15",
                    "port_usage": null,
                    "redundancy_state": null,
                    "rx_bytes": 0,
                    "rx_pkts": 0,
                    "servp_info": null,
                    "tx_bytes": 0,
                    "tx_pkts": 0,
                    "up": true,
                    "vlan": null,
                    "wan_name": null,
                    "wan_type": null
                  },
                  "ge-0/0/16.0": {
                    "address_mode": null,
                    "ips": null,
                    "nat_addresses": null,
                    "network_name": null,
                    "port_id": "ge-0/0/16",
                    "port_usage": null,
                    "redundancy_state": null,
                    "rx_bytes": 0,
                    "rx_pkts": 0,
                    "servp_info": null,
                    "tx_bytes": 0,
                    "tx_pkts": 0,
                    "up": true,
                    "vlan": null,
                    "wan_name": null,
                    "wan_type": null
                  },
                  "ge-0/0/17.0": {
                    "address_mode": null,
                    "ips": null,
                    "nat_addresses": null,
                    "network_name": null,
                    "port_id": "ge-0/0/17",
                    "port_usage": null,
                    "redundancy_state": null,
                    "rx_bytes": 0,
                    "rx_pkts": 0,
                    "servp_info": null,
                    "tx_bytes": 0,
                    "tx_pkts": 0,
                    "up": true,
                    "vlan": null,
                    "wan_name": null,
                    "wan_type": null
                  },
                  "ge-0/0/18.0": {
                    "address_mode": null,
                    "ips": null,
                    "nat_addresses": null,
                    "network_name": null,
                    "port_id": "ge-0/0/18",
                    "port_usage": null,
                    "redundancy_state": null,
                    "rx_bytes": 0,
                    "rx_pkts": 0,
                    "servp_info": null,
                    "tx_bytes": 0,
                    "tx_pkts": 0,
                    "up": true,
                    "vlan": null,
                    "wan_name": null,
                    "wan_type": null
                  },
                  "ge-0/0/19.0": {
                    "address_mode": null,
                    "ips": null,
                    "nat_addresses": null,
                    "network_name": null,
                    "port_id": "ge-0/0/19",
                    "port_usage": null,
                    "redundancy_state": null,
                    "rx_bytes": 0,
                    "rx_pkts": 0,
                    "servp_info": null,
                    "tx_bytes": 0,
                    "tx_pkts": 0,
                    "up": true,
                    "vlan": null,
                    "wan_name": null,
                    "wan_type": null
                  },
                  "ge-0/0/20.0": {
                    "address_mode": null,
                    "ips": null,
                    "nat_addresses": null,
                    "network_name": null,
                    "port_id": "ge-0/0/20",
                    "port_usage": null,
                    "redundancy_state": null,
                    "rx_bytes": 0,
                    "rx_pkts": 0,
                    "servp_info": null,
                    "tx_bytes": 0,
                    "tx_pkts": 0,
                    "up": true,
                    "vlan": null,
                    "wan_name": null,
                    "wan_type": null
                  },
                  "ge-0/0/21.0": {
                    "address_mode": null,
                    "ips": null,
                    "nat_addresses": null,
                    "network_name": null,
                    "port_id": "ge-0/0/21",
                    "port_usage": null,
                    "redundancy_state": null,
                    "rx_bytes": 0,
                    "rx_pkts": 11013,
                    "servp_info": null,
                    "tx_bytes": 0,
                    "tx_pkts": 7813,
                    "up": true,
                    "vlan": null,
                    "wan_name": null,
                    "wan_type": null
                  },
                  "ge-0/0/22.0": {
                    "address_mode": null,
                    "ips": null,
                    "nat_addresses": null,
                    "network_name": null,
                    "port_id": "ge-0/0/22",
                    "port_usage": null,
                    "redundancy_state": null,
                    "rx_bytes": 0,
                    "rx_pkts": 8520,
                    "servp_info": null,
                    "tx_bytes": 0,
                    "tx_pkts": 128523,
                    "up": true,
                    "vlan": null,
                    "wan_name": null,
                    "wan_type": null
                  },
                  "ge-0/0/23.0": {
                    "address_mode": null,
                    "ips": null,
                    "nat_addresses": null,
                    "network_name": null,
                    "port_id": "ge-0/0/23",
                    "port_usage": null,
                    "redundancy_state": null,
                    "rx_bytes": 0,
                    "rx_pkts": 0,
                    "servp_info": null,
                    "tx_bytes": 0,
                    "tx_pkts": 0,
                    "up": true,
                    "vlan": null,
                    "wan_name": null,
                    "wan_type": null
                  },
                  "ge-0/0/8.0": {
                    "address_mode": null,
                    "ips": null,
                    "nat_addresses": null,
                    "network_name": null,
                    "port_id": "ge-0/0/8",
                    "port_usage": null,
                    "redundancy_state": null,
                    "rx_bytes": 0,
                    "rx_pkts": 0,
                    "servp_info": null,
                    "tx_bytes": 0,
                    "tx_pkts": 0,
                    "up": true,
                    "vlan": null,
                    "wan_name": null,
                    "wan_type": null
                  },
                  "ge-0/0/9.0": {
                    "address_mode": null,
                    "ips": null,
                    "nat_addresses": null,
                    "network_name": null,
                    "port_id": "ge-0/0/9",
                    "port_usage": null,
                    "redundancy_state": null,
                    "rx_bytes": 0,
                    "rx_pkts": 0,
                    "servp_info": null,
                    "tx_bytes": 0,
                    "tx_pkts": 0,
                    "up": true,
                    "vlan": null,
                    "wan_name": null,
                    "wan_type": null
                  },
                  "irb.0": {
                    "address_mode": null,
                    "ips": [
                      "10.1.1.105/24"
                    ],
                    "nat_addresses": null,
                    "network_name": null,
                    "port_id": "irb",
                    "port_usage": null,
                    "redundancy_state": null,
                    "rx_bytes": 0,
                    "rx_pkts": 150815,
                    "servp_info": {
                      "asn": null,
                      "city": null,
                      "country_code": null,
                      "latitude": null,
                      "longitude": null,
                      "org": null,
                      "region_code": null
                    },
                    "tx_bytes": 0,
                    "tx_pkts": 120704,
                    "up": true,
                    "vlan": 1,
                    "wan_name": null,
                    "wan_type": null
                  },
                  "lo0.16385": {
                    "address_mode": null,
                    "ips": null,
                    "nat_addresses": null,
                    "network_name": null,
                    "port_id": "lo0",
                    "port_usage": null,
                    "redundancy_state": null,
                    "rx_bytes": 0,
                    "rx_pkts": 15050879,
                    "servp_info": null,
                    "tx_bytes": 0,
                    "tx_pkts": 15050879,
                    "up": true,
                    "vlan": null,
                    "wan_name": null,
                    "wan_type": null
                  },
                  "me0.0": {
                    "address_mode": null,
                    "ips": null,
                    "nat_addresses": null,
                    "network_name": null,
                    "port_id": "me0",
                    "port_usage": null,
                    "redundancy_state": null,
                    "rx_bytes": 0,
                    "rx_pkts": 0,
                    "servp_info": null,
                    "tx_bytes": 0,
                    "tx_pkts": 0,
                    "up": true,
                    "vlan": null,
                    "wan_name": null,
                    "wan_type": null
                  },
                  "vme.0": {
                    "address_mode": null,
                    "ips": null,
                    "nat_addresses": null,
                    "network_name": null,
                    "port_id": "vme",
                    "port_usage": null,
                    "redundancy_state": null,
                    "rx_bytes": 0,
                    "rx_pkts": 0,
                    "servp_info": null,
                    "tx_bytes": 0,
                    "tx_pkts": 0,
                    "up": true,
                    "vlan": null,
                    "wan_name": null,
                    "wan_type": null
                  }
                },
                "ip": "10.1.1.105",
                "ip_stat": {
                  "dhcp_server": null,
                  "dns": null,
                  "dns_suffix": null,
                  "gateway": "10.1.1.1",
                  "gateway6": null,
                  "ip": "10.1.1.105",
                  "ip6": null,
                  "ips": {
                    "vlan1": "10.1.1.105"
                  },
                  "netmask": "255.255.255.255",
                  "netmask6": null
                },
                "last_seen": 1720867900,
                "last_trouble": {
                  "code": "104",
                  "timestamp": 1720551615936
                },
                "mac": "bc0ffefb1c44",
                "mac_table_stats": {
                  "mac_table_count": 8,
                  "max_mac_entries_supported": 64000
                },
                "map_id": null,
                "memory_stat": {
                  "usage": 15
                },
                "model": "EX4100-24MP",
                "modified_time": 1720650294,
                "module_stat": [
                  {
                    "backup_version": "",
                    "bios_version": "",
                    "cpld_version": "",
                    "errors": null,
                    "fans": [
                      {
                        "airflow": "out",
                        "name": "Fan Tray 0 Fan 0",
                        "status": "ok"
                      },
                      {
                        "airflow": "out",
                        "name": "Fan Tray 1 Fan 0",
                        "status": "ok"
                      }
                    ],
                    "fpc_idx": 0,
                    "fpga_version": "",
                    "last_seen": null,
                    "model": "EX4100-24MP-CHAS",
                    "optics_cpld_version": "",
                    "pending_version": "",
                    "pics": [
                      {
                        "index": 0,
                        "model_number": "EX4100-24MP-CHAS",
                        "port_groups": [
                          {
                            "count": 8,
                            "type": "SFP/SFP+"
                          },
                          {
                            "count": 16,
                            "type": "GE"
                          }
                        ]
                      },
                      {
                        "index": 1,
                        "model_number": "EX4100-24MP-CHAS",
                        "port_groups": [
                          {
                            "count": 4,
                            "type": "SFP28"
                          }
                        ]
                      },
                      {
                        "index": 2,
                        "model_number": "EX4100-24MP-CHAS",
                        "port_groups": [
                          {
                            "count": 4,
                            "type": "SFP/SFP+"
                          }
                        ]
                      }
                    ],
                    "poe": {
                      "max_power": 740,
                      "power_draw": 8.3
                    },
                    "poe_version": "",
                    "power_cpld_version": "",
                    "psus": [
                      {
                        "name": "Power Supply 0",
                        "status": "ok"
                      },
                      {
                        "name": "Power Supply 1",
                        "status": "absent"
                      }
                    ],
                    "re_fpga_version": "",
                    "recovery_version": "22.4R3-S2.12",
                    "serial": "EZ3723AN0137",
                    "status": null,
                    "temperatures": [
                      {
                        "celsius": 41,
                        "name": "Thermal board Sensor 1",
                        "status": "ok"
                      },
                      {
                        "celsius": 33,
                        "name": "Thermal board Sensor 2",
                        "status": "ok"
                      },
                      {
                        "celsius": 31,
                        "name": "Thermal board Sensor 3",
                        "status": "ok"
                      },
                      {
                        "celsius": 48,
                        "name": "PFE Die Sensor",
                        "status": "ok"
                      }
                    ],
                    "tmc_fpga_version": "",
                    "uboot_version": "",
                    "uptime": 216900,
                    "vc_links": [],
                    "vc_mode": "HiGiG",
                    "vc_role": "master",
                    "vc_state": "present",
                    "version": "22.4R3-S2.12"
                  }
                ],
                "name": "wan-srx_toronto_sw1_41_24mp_v1",
                "org_id": "9777c1a0-6ef6-11e6-8bbf-02e208b2d34f",
                "route_summary_stats": {
                  "fib_routes": 2,
                  "max_unicast_routes_supported": 32150,
                  "rib_routes": 14,
                  "total_routes": 3
                },
                "serial": "EZ3723AN0137",
                "service_stat": {},
                "site_id": "81e8deb4-b005-404e-8b07-b352b7686101",
                "status": "connected",
                "uptime": 216875,
                "vc_mac": null,
                "vc_setup_info": {
                  "config_type": "nonprovisioned",
                  "err_missing_dev_id_fpc": false
                },
                "version": "22.4R3-S2.12"
              },
              {
                "ap_redundancy": null,
                "arp_table_stats": {
                  "arp_table_count": 2,
                  "max_entries_supported": 24000
                },
                "cert_expiry": 1738764256,
                "clients": [
                  {
                    "device_mac": "c0bfa7011d94",
                    "hostname": null,
                    "mac": "d0dd4985cb3c",
                    "port_id": "ge-0/0/0"
                  }
                ],
                "clients_stats": {
                  "total": {
                    "num_aps": [
                      0
                    ],
                    "num_wired_clients": 1
                  }
                },
                "config_status": "FAILED",
                "cpu_stat": {
                  "idle": 96,
                  "interrupt": 0,
                  "load_avg": [
                    0.4,
                    0.35,
                    0.32
                  ],
                  "system": 1,
                  "user": 3
                },
                "created_time": 1690177467,
                "deviceprofile_id": null,
                "dhcpd_stat": {
                  "v200-fdhcp": {
                    "num_ips": 41,
                    "num_leased": 0
                  }
                },
                "evpntopo_id": null,
                "fw_versions_outofsync": false,
                "fwupdate": {
                  "progress": 100,
                  "status": "success",
                  "status_id": 3037,
                  "timestamp": 1716493112.1899166,
                  "will_retry": false
                },
                "has_pcap": true,
                "hostname": "Scala-test",
                "hw_rev": "C",
                "id": "00000000-0000-0000-1000-c0bfa7011d94",
                "if_stat": {
                  "ge-0/0/0.0": {
                    "address_mode": null,
                    "ips": null,
                    "nat_addresses": null,
                    "network_name": null,
                    "port_id": "ge-0/0/0",
                    "port_usage": null,
                    "redundancy_state": null,
                    "rx_bytes": 0,
                    "rx_pkts": 10516204,
                    "servp_info": null,
                    "tx_bytes": 0,
                    "tx_pkts": 2797957,
                    "up": true,
                    "vlan": null,
                    "wan_name": null,
                    "wan_type": null
                  },
                  "ge-0/0/1.0": {
                    "address_mode": null,
                    "ips": null,
                    "nat_addresses": null,
                    "network_name": null,
                    "port_id": "ge-0/0/1",
                    "port_usage": null,
                    "redundancy_state": null,
                    "rx_bytes": 0,
                    "rx_pkts": 0,
                    "servp_info": null,
                    "tx_bytes": 0,
                    "tx_pkts": 113299,
                    "up": true,
                    "vlan": null,
                    "wan_name": null,
                    "wan_type": null
                  },
                  "ge-0/0/10.0": {
                    "address_mode": null,
                    "ips": null,
                    "nat_addresses": null,
                    "network_name": null,
                    "port_id": "ge-0/0/10",
                    "port_usage": null,
                    "redundancy_state": null,
                    "rx_bytes": 0,
                    "rx_pkts": 0,
                    "servp_info": null,
                    "tx_bytes": 0,
                    "tx_pkts": 0,
                    "up": true,
                    "vlan": null,
                    "wan_name": null,
                    "wan_type": null
                  },
                  "ge-0/0/11.0": {
                    "address_mode": null,
                    "ips": null,
                    "nat_addresses": null,
                    "network_name": null,
                    "port_id": "ge-0/0/11",
                    "port_usage": null,
                    "redundancy_state": null,
                    "rx_bytes": 0,
                    "rx_pkts": 0,
                    "servp_info": null,
                    "tx_bytes": 0,
                    "tx_pkts": 0,
                    "up": true,
                    "vlan": null,
                    "wan_name": null,
                    "wan_type": null
                  },
                  "ge-0/0/12.0": {
                    "address_mode": null,
                    "ips": null,
                    "nat_addresses": null,
                    "network_name": null,
                    "port_id": "ge-0/0/12",
                    "port_usage": null,
                    "redundancy_state": null,
                    "rx_bytes": 0,
                    "rx_pkts": 0,
                    "servp_info": null,
                    "tx_bytes": 0,
                    "tx_pkts": 0,
                    "up": true,
                    "vlan": null,
                    "wan_name": null,
                    "wan_type": null
                  },
                  "ge-0/0/13.0": {
                    "address_mode": null,
                    "ips": null,
                    "nat_addresses": null,
                    "network_name": null,
                    "port_id": "ge-0/0/13",
                    "port_usage": null,
                    "redundancy_state": null,
                    "rx_bytes": 0,
                    "rx_pkts": 0,
                    "servp_info": null,
                    "tx_bytes": 0,
                    "tx_pkts": 0,
                    "up": true,
                    "vlan": null,
                    "wan_name": null,
                    "wan_type": null
                  },
                  "ge-0/0/14.0": {
                    "address_mode": null,
                    "ips": null,
                    "nat_addresses": null,
                    "network_name": null,
                    "port_id": "ge-0/0/14",
                    "port_usage": null,
                    "redundancy_state": null,
                    "rx_bytes": 0,
                    "rx_pkts": 0,
                    "servp_info": null,
                    "tx_bytes": 0,
                    "tx_pkts": 0,
                    "up": true,
                    "vlan": null,
                    "wan_name": null,
                    "wan_type": null
                  },
                  "ge-0/0/15.0": {
                    "address_mode": null,
                    "ips": null,
                    "nat_addresses": null,
                    "network_name": null,
                    "port_id": "ge-0/0/15",
                    "port_usage": null,
                    "redundancy_state": null,
                    "rx_bytes": 0,
                    "rx_pkts": 0,
                    "servp_info": null,
                    "tx_bytes": 0,
                    "tx_pkts": 0,
                    "up": true,
                    "vlan": null,
                    "wan_name": null,
                    "wan_type": null
                  },
                  "ge-0/0/16.0": {
                    "address_mode": null,
                    "ips": null,
                    "nat_addresses": null,
                    "network_name": null,
                    "port_id": "ge-0/0/16",
                    "port_usage": null,
                    "redundancy_state": null,
                    "rx_bytes": 0,
                    "rx_pkts": 0,
                    "servp_info": null,
                    "tx_bytes": 0,
                    "tx_pkts": 0,
                    "up": true,
                    "vlan": null,
                    "wan_name": null,
                    "wan_type": null
                  },
                  "ge-0/0/17.0": {
                    "address_mode": null,
                    "ips": null,
                    "nat_addresses": null,
                    "network_name": null,
                    "port_id": "ge-0/0/17",
                    "port_usage": null,
                    "redundancy_state": null,
                    "rx_bytes": 0,
                    "rx_pkts": 0,
                    "servp_info": null,
                    "tx_bytes": 0,
                    "tx_pkts": 0,
                    "up": true,
                    "vlan": null,
                    "wan_name": null,
                    "wan_type": null
                  },
                  "ge-0/0/18.0": {
                    "address_mode": null,
                    "ips": null,
                    "nat_addresses": null,
                    "network_name": null,
                    "port_id": "ge-0/0/18",
                    "port_usage": null,
                    "redundancy_state": null,
                    "rx_bytes": 0,
                    "rx_pkts": 0,
                    "servp_info": null,
                    "tx_bytes": 0,
                    "tx_pkts": 0,
                    "up": true,
                    "vlan": null,
                    "wan_name": null,
                    "wan_type": null
                  },
                  "ge-0/0/19.0": {
                    "address_mode": null,
                    "ips": null,
                    "nat_addresses": null,
                    "network_name": null,
                    "port_id": "ge-0/0/19",
                    "port_usage": null,
                    "redundancy_state": null,
                    "rx_bytes": 0,
                    "rx_pkts": 0,
                    "servp_info": null,
                    "tx_bytes": 0,
                    "tx_pkts": 0,
                    "up": true,
                    "vlan": null,
                    "wan_name": null,
                    "wan_type": null
                  },
                  "ge-0/0/2.0": {
                    "address_mode": null,
                    "ips": null,
                    "nat_addresses": null,
                    "network_name": null,
                    "port_id": "ge-0/0/2",
                    "port_usage": null,
                    "redundancy_state": null,
                    "rx_bytes": 0,
                    "rx_pkts": 0,
                    "servp_info": null,
                    "tx_bytes": 0,
                    "tx_pkts": 113297,
                    "up": true,
                    "vlan": null,
                    "wan_name": null,
                    "wan_type": null
                  },
                  "ge-0/0/20.0": {
                    "address_mode": null,
                    "ips": null,
                    "nat_addresses": null,
                    "network_name": null,
                    "port_id": "ge-0/0/20",
                    "port_usage": null,
                    "redundancy_state": null,
                    "rx_bytes": 0,
                    "rx_pkts": 0,
                    "servp_info": null,
                    "tx_bytes": 0,
                    "tx_pkts": 0,
                    "up": true,
                    "vlan": null,
                    "wan_name": null,
                    "wan_type": null
                  },
                  "ge-0/0/21.0": {
                    "address_mode": null,
                    "ips": null,
                    "nat_addresses": null,
                    "network_name": null,
                    "port_id": "ge-0/0/21",
                    "port_usage": null,
                    "redundancy_state": null,
                    "rx_bytes": 0,
                    "rx_pkts": 0,
                    "servp_info": null,
                    "tx_bytes": 0,
                    "tx_pkts": 0,
                    "up": true,
                    "vlan": null,
                    "wan_name": null,
                    "wan_type": null
                  },
                  "ge-0/0/22.0": {
                    "address_mode": null,
                    "ips": null,
                    "nat_addresses": null,
                    "network_name": null,
                    "port_id": "ge-0/0/22",
                    "port_usage": null,
                    "redundancy_state": null,
                    "rx_bytes": 0,
                    "rx_pkts": 0,
                    "servp_info": null,
                    "tx_bytes": 0,
                    "tx_pkts": 0,
                    "up": true,
                    "vlan": null,
                    "wan_name": null,
                    "wan_type": null
                  },
                  "ge-0/0/23.0": {
                    "address_mode": null,
                    "ips": null,
                    "nat_addresses": null,
                    "network_name": null,
                    "port_id": "ge-0/0/23",
                    "port_usage": null,
                    "redundancy_state": null,
                    "rx_bytes": 0,
                    "rx_pkts": 0,
                    "servp_info": null,
                    "tx_bytes": 0,
                    "tx_pkts": 0,
                    "up": true,
                    "vlan": null,
                    "wan_name": null,
                    "wan_type": null
                  },
                  "ge-0/0/24.0": {
                    "address_mode": null,
                    "ips": null,
                    "nat_addresses": null,
                    "network_name": null,
                    "port_id": "ge-0/0/24",
                    "port_usage": null,
                    "redundancy_state": null,
                    "rx_bytes": 0,
                    "rx_pkts": 0,
                    "servp_info": null,
                    "tx_bytes": 0,
                    "tx_pkts": 0,
                    "up": true,
                    "vlan": null,
                    "wan_name": null,
                    "wan_type": null
                  },
                  "ge-0/0/25.0": {
                    "address_mode": null,
                    "ips": null,
                    "nat_addresses": null,
                    "network_name": null,
                    "port_id": "ge-0/0/25",
                    "port_usage": null,
                    "redundancy_state": null,
                    "rx_bytes": 0,
                    "rx_pkts": 0,
                    "servp_info": null,
                    "tx_bytes": 0,
                    "tx_pkts": 0,
                    "up": true,
                    "vlan": null,
                    "wan_name": null,
                    "wan_type": null
                  },
                  "ge-0/0/26.0": {
                    "address_mode": null,
                    "ips": null,
                    "nat_addresses": null,
                    "network_name": null,
                    "port_id": "ge-0/0/26",
                    "port_usage": null,
                    "redundancy_state": null,
                    "rx_bytes": 0,
                    "rx_pkts": 0,
                    "servp_info": null,
                    "tx_bytes": 0,
                    "tx_pkts": 0,
                    "up": true,
                    "vlan": null,
                    "wan_name": null,
                    "wan_type": null
                  },
                  "ge-0/0/27.0": {
                    "address_mode": null,
                    "ips": null,
                    "nat_addresses": null,
                    "network_name": null,
                    "port_id": "ge-0/0/27",
                    "port_usage": null,
                    "redundancy_state": null,
                    "rx_bytes": 0,
                    "rx_pkts": 0,
                    "servp_info": null,
                    "tx_bytes": 0,
                    "tx_pkts": 0,
                    "up": true,
                    "vlan": null,
                    "wan_name": null,
                    "wan_type": null
                  },
                  "ge-0/0/28.0": {
                    "address_mode": null,
                    "ips": null,
                    "nat_addresses": null,
                    "network_name": null,
                    "port_id": "ge-0/0/28",
                    "port_usage": null,
                    "redundancy_state": null,
                    "rx_bytes": 0,
                    "rx_pkts": 0,
                    "servp_info": null,
                    "tx_bytes": 0,
                    "tx_pkts": 0,
                    "up": true,
                    "vlan": null,
                    "wan_name": null,
                    "wan_type": null
                  },
                  "ge-0/0/29.0": {
                    "address_mode": null,
                    "ips": null,
                    "nat_addresses": null,
                    "network_name": null,
                    "port_id": "ge-0/0/29",
                    "port_usage": null,
                    "redundancy_state": null,
                    "rx_bytes": 0,
                    "rx_pkts": 0,
                    "servp_info": null,
                    "tx_bytes": 0,
                    "tx_pkts": 0,
                    "up": true,
                    "vlan": null,
                    "wan_name": null,
                    "wan_type": null
                  },
                  "ge-0/0/3.0": {
                    "address_mode": null,
                    "ips": null,
                    "nat_addresses": null,
                    "network_name": null,
                    "port_id": "ge-0/0/3",
                    "port_usage": null,
                    "redundancy_state": null,
                    "rx_bytes": 0,
                    "rx_pkts": 0,
                    "servp_info": null,
                    "tx_bytes": 0,
                    "tx_pkts": 0,
                    "up": true,
                    "vlan": null,
                    "wan_name": null,
                    "wan_type": null
                  },
                  "ge-0/0/30.0": {
                    "address_mode": null,
                    "ips": null,
                    "nat_addresses": null,
                    "network_name": null,
                    "port_id": "ge-0/0/30",
                    "port_usage": null,
                    "redundancy_state": null,
                    "rx_bytes": 0,
                    "rx_pkts": 0,
                    "servp_info": null,
                    "tx_bytes": 0,
                    "tx_pkts": 0,
                    "up": true,
                    "vlan": null,
                    "wan_name": null,
                    "wan_type": null
                  },
                  "ge-0/0/31.0": {
                    "address_mode": null,
                    "ips": null,
                    "nat_addresses": null,
                    "network_name": null,
                    "port_id": "ge-0/0/31",
                    "port_usage": null,
                    "redundancy_state": null,
                    "rx_bytes": 0,
                    "rx_pkts": 0,
                    "servp_info": null,
                    "tx_bytes": 0,
                    "tx_pkts": 0,
                    "up": true,
                    "vlan": null,
                    "wan_name": null,
                    "wan_type": null
                  },
                  "ge-0/0/32.0": {
                    "address_mode": null,
                    "ips": null,
                    "nat_addresses": null,
                    "network_name": null,
                    "port_id": "ge-0/0/32",
                    "port_usage": null,
                    "redundancy_state": null,
                    "rx_bytes": 0,
                    "rx_pkts": 0,
                    "servp_info": null,
                    "tx_bytes": 0,
                    "tx_pkts": 0,
                    "up": true,
                    "vlan": null,
                    "wan_name": null,
                    "wan_type": null
                  },
                  "ge-0/0/33.0": {
                    "address_mode": null,
                    "ips": null,
                    "nat_addresses": null,
                    "network_name": null,
                    "port_id": "ge-0/0/33",
                    "port_usage": null,
                    "redundancy_state": null,
                    "rx_bytes": 0,
                    "rx_pkts": 0,
                    "servp_info": null,
                    "tx_bytes": 0,
                    "tx_pkts": 0,
                    "up": true,
                    "vlan": null,
                    "wan_name": null,
                    "wan_type": null
                  },
                  "ge-0/0/34.0": {
                    "address_mode": null,
                    "ips": null,
                    "nat_addresses": null,
                    "network_name": null,
                    "port_id": "ge-0/0/34",
                    "port_usage": null,
                    "redundancy_state": null,
                    "rx_bytes": 0,
                    "rx_pkts": 0,
                    "servp_info": null,
                    "tx_bytes": 0,
                    "tx_pkts": 0,
                    "up": true,
                    "vlan": null,
                    "wan_name": null,
                    "wan_type": null
                  },
                  "ge-0/0/35.0": {
                    "address_mode": null,
                    "ips": null,
                    "nat_addresses": null,
                    "network_name": null,
                    "port_id": "ge-0/0/35",
                    "port_usage": null,
                    "redundancy_state": null,
                    "rx_bytes": 0,
                    "rx_pkts": 0,
                    "servp_info": null,
                    "tx_bytes": 0,
                    "tx_pkts": 0,
                    "up": true,
                    "vlan": null,
                    "wan_name": null,
                    "wan_type": null
                  },
                  "ge-0/0/36.0": {
                    "address_mode": null,
                    "ips": null,
                    "nat_addresses": null,
                    "network_name": null,
                    "port_id": "ge-0/0/36",
                    "port_usage": null,
                    "redundancy_state": null,
                    "rx_bytes": 0,
                    "rx_pkts": 0,
                    "servp_info": null,
                    "tx_bytes": 0,
                    "tx_pkts": 0,
                    "up": true,
                    "vlan": null,
                    "wan_name": null,
                    "wan_type": null
                  },
                  "ge-0/0/37.0": {
                    "address_mode": null,
                    "ips": null,
                    "nat_addresses": null,
                    "network_name": null,
                    "port_id": "ge-0/0/37",
                    "port_usage": null,
                    "redundancy_state": null,
                    "rx_bytes": 0,
                    "rx_pkts": 0,
                    "servp_info": null,
                    "tx_bytes": 0,
                    "tx_pkts": 0,
                    "up": true,
                    "vlan": null,
                    "wan_name": null,
                    "wan_type": null
                  },
                  "ge-0/0/38.0": {
                    "address_mode": null,
                    "ips": null,
                    "nat_addresses": null,
                    "network_name": null,
                    "port_id": "ge-0/0/38",
                    "port_usage": null,
                    "redundancy_state": null,
                    "rx_bytes": 0,
                    "rx_pkts": 0,
                    "servp_info": null,
                    "tx_bytes": 0,
                    "tx_pkts": 0,
                    "up": true,
                    "vlan": null,
                    "wan_name": null,
                    "wan_type": null
                  },
                  "ge-0/0/39.0": {
                    "address_mode": null,
                    "ips": null,
                    "nat_addresses": null,
                    "network_name": null,
                    "port_id": "ge-0/0/39",
                    "port_usage": null,
                    "redundancy_state": null,
                    "rx_bytes": 0,
                    "rx_pkts": 0,
                    "servp_info": null,
                    "tx_bytes": 0,
                    "tx_pkts": 0,
                    "up": true,
                    "vlan": null,
                    "wan_name": null,
                    "wan_type": null
                  },
                  "ge-0/0/4.0": {
                    "address_mode": null,
                    "ips": null,
                    "nat_addresses": null,
                    "network_name": null,
                    "port_id": "ge-0/0/4",
                    "port_usage": null,
                    "redundancy_state": null,
                    "rx_bytes": 0,
                    "rx_pkts": 0,
                    "servp_info": null,
                    "tx_bytes": 0,
                    "tx_pkts": 0,
                    "up": true,
                    "vlan": null,
                    "wan_name": null,
                    "wan_type": null
                  },
                  "ge-0/0/40.0": {
                    "address_mode": null,
                    "ips": null,
                    "nat_addresses": null,
                    "network_name": null,
                    "port_id": "ge-0/0/40",
                    "port_usage": null,
                    "redundancy_state": null,
                    "rx_bytes": 0,
                    "rx_pkts": 0,
                    "servp_info": null,
                    "tx_bytes": 0,
                    "tx_pkts": 0,
                    "up": true,
                    "vlan": null,
                    "wan_name": null,
                    "wan_type": null
                  },
                  "ge-0/0/41.0": {
                    "address_mode": null,
                    "ips": null,
                    "nat_addresses": null,
                    "network_name": null,
                    "port_id": "ge-0/0/41",
                    "port_usage": null,
                    "redundancy_state": null,
                    "rx_bytes": 0,
                    "rx_pkts": 0,
                    "servp_info": null,
                    "tx_bytes": 0,
                    "tx_pkts": 0,
                    "up": true,
                    "vlan": null,
                    "wan_name": null,
                    "wan_type": null
                  },
                  "ge-0/0/42.0": {
                    "address_mode": null,
                    "ips": null,
                    "nat_addresses": null,
                    "network_name": null,
                    "port_id": "ge-0/0/42",
                    "port_usage": null,
                    "redundancy_state": null,
                    "rx_bytes": 0,
                    "rx_pkts": 0,
                    "servp_info": null,
                    "tx_bytes": 0,
                    "tx_pkts": 0,
                    "up": true,
                    "vlan": null,
                    "wan_name": null,
                    "wan_type": null
                  },
                  "ge-0/0/43.0": {
                    "address_mode": null,
                    "ips": null,
                    "nat_addresses": null,
                    "network_name": null,
                    "port_id": "ge-0/0/43",
                    "port_usage": null,
                    "redundancy_state": null,
                    "rx_bytes": 0,
                    "rx_pkts": 0,
                    "servp_info": null,
                    "tx_bytes": 0,
                    "tx_pkts": 0,
                    "up": true,
                    "vlan": null,
                    "wan_name": null,
                    "wan_type": null
                  },
                  "ge-0/0/44.0": {
                    "address_mode": null,
                    "ips": null,
                    "nat_addresses": null,
                    "network_name": null,
                    "port_id": "ge-0/0/44",
                    "port_usage": null,
                    "redundancy_state": null,
                    "rx_bytes": 0,
                    "rx_pkts": 0,
                    "servp_info": null,
                    "tx_bytes": 0,
                    "tx_pkts": 0,
                    "up": true,
                    "vlan": null,
                    "wan_name": null,
                    "wan_type": null
                  },
                  "ge-0/0/45.0": {
                    "address_mode": null,
                    "ips": null,
                    "nat_addresses": null,
                    "network_name": null,
                    "port_id": "ge-0/0/45",
                    "port_usage": null,
                    "redundancy_state": null,
                    "rx_bytes": 0,
                    "rx_pkts": 0,
                    "servp_info": null,
                    "tx_bytes": 0,
                    "tx_pkts": 0,
                    "up": true,
                    "vlan": null,
                    "wan_name": null,
                    "wan_type": null
                  },
                  "ge-0/0/46.0": {
                    "address_mode": null,
                    "ips": null,
                    "nat_addresses": null,
                    "network_name": null,
                    "port_id": "ge-0/0/46",
                    "port_usage": null,
                    "redundancy_state": null,
                    "rx_bytes": 0,
                    "rx_pkts": 0,
                    "servp_info": null,
                    "tx_bytes": 0,
                    "tx_pkts": 0,
                    "up": true,
                    "vlan": null,
                    "wan_name": null,
                    "wan_type": null
                  },
                  "ge-0/0/47.0": {
                    "address_mode": null,
                    "ips": null,
                    "nat_addresses": null,
                    "network_name": null,
                    "port_id": "ge-0/0/47",
                    "port_usage": null,
                    "redundancy_state": null,
                    "rx_bytes": 0,
                    "rx_pkts": 0,
                    "servp_info": null,
                    "tx_bytes": 0,
                    "tx_pkts": 0,
                    "up": true,
                    "vlan": null,
                    "wan_name": null,
                    "wan_type": null
                  },
                  "ge-0/0/5.0": {
                    "address_mode": null,
                    "ips": null,
                    "nat_addresses": null,
                    "network_name": null,
                    "port_id": "ge-0/0/5",
                    "port_usage": null,
                    "redundancy_state": null,
                    "rx_bytes": 0,
                    "rx_pkts": 0,
                    "servp_info": null,
                    "tx_bytes": 0,
                    "tx_pkts": 0,
                    "up": true,
                    "vlan": null,
                    "wan_name": null,
                    "wan_type": null
                  },
                  "ge-0/0/6.0": {
                    "address_mode": null,
                    "ips": null,
                    "nat_addresses": null,
                    "network_name": null,
                    "port_id": "ge-0/0/6",
                    "port_usage": null,
                    "redundancy_state": null,
                    "rx_bytes": 0,
                    "rx_pkts": 0,
                    "servp_info": null,
                    "tx_bytes": 0,
                    "tx_pkts": 0,
                    "up": true,
                    "vlan": null,
                    "wan_name": null,
                    "wan_type": null
                  },
                  "ge-0/0/7.0": {
                    "address_mode": null,
                    "ips": null,
                    "nat_addresses": null,
                    "network_name": null,
                    "port_id": "ge-0/0/7",
                    "port_usage": null,
                    "redundancy_state": null,
                    "rx_bytes": 0,
                    "rx_pkts": 0,
                    "servp_info": null,
                    "tx_bytes": 0,
                    "tx_pkts": 0,
                    "up": true,
                    "vlan": null,
                    "wan_name": null,
                    "wan_type": null
                  },
                  "ge-0/0/8.0": {
                    "address_mode": null,
                    "ips": null,
                    "nat_addresses": null,
                    "network_name": null,
                    "port_id": "ge-0/0/8",
                    "port_usage": null,
                    "redundancy_state": null,
                    "rx_bytes": 0,
                    "rx_pkts": 0,
                    "servp_info": null,
                    "tx_bytes": 0,
                    "tx_pkts": 0,
                    "up": true,
                    "vlan": null,
                    "wan_name": null,
                    "wan_type": null
                  },
                  "ge-0/0/9.0": {
                    "address_mode": null,
                    "ips": null,
                    "nat_addresses": null,
                    "network_name": null,
                    "port_id": "ge-0/0/9",
                    "port_usage": null,
                    "redundancy_state": null,
                    "rx_bytes": 0,
                    "rx_pkts": 0,
                    "servp_info": null,
                    "tx_bytes": 0,
                    "tx_pkts": 0,
                    "up": true,
                    "vlan": null,
                    "wan_name": null,
                    "wan_type": null
                  },
                  "irb.0": {
                    "address_mode": null,
                    "ips": [
                      "192.168.2.79/24"
                    ],
                    "nat_addresses": null,
                    "network_name": null,
                    "port_id": "irb",
                    "port_usage": null,
                    "redundancy_state": null,
                    "rx_bytes": 0,
                    "rx_pkts": 6601482,
                    "servp_info": {
                      "asn": null,
                      "city": null,
                      "country_code": null,
                      "latitude": null,
                      "longitude": null,
                      "org": null,
                      "region_code": null
                    },
                    "tx_bytes": 0,
                    "tx_pkts": 2640327,
                    "up": true,
                    "vlan": 1,
                    "wan_name": null,
                    "wan_type": null
                  },
                  "irb.200": {
                    "address_mode": null,
                    "ips": [
                      "2.2.2.2/24"
                    ],
                    "nat_addresses": null,
                    "network_name": null,
                    "port_id": "irb",
                    "port_usage": null,
                    "redundancy_state": null,
                    "rx_bytes": 0,
                    "rx_pkts": 0,
                    "servp_info": {
                      "asn": "AS3215",
                      "city": "Paris",
                      "country_code": "FR",
                      "latitude": 48.8323,
                      "longitude": 2.4075,
                      "org": "Orange",
                      "region_code": "IDF"
                    },
                    "tx_bytes": 0,
                    "tx_pkts": 0,
                    "up": true,
                    "vlan": 200,
                    "wan_name": null,
                    "wan_type": null
                  },
                  "lo0.0": {
                    "address_mode": null,
                    "ips": null,
                    "nat_addresses": null,
                    "network_name": null,
                    "port_id": "lo0",
                    "port_usage": null,
                    "redundancy_state": null,
                    "rx_bytes": 0,
                    "rx_pkts": 145810,
                    "servp_info": null,
                    "tx_bytes": 0,
                    "tx_pkts": 145810,
                    "up": true,
                    "vlan": null,
                    "wan_name": null,
                    "wan_type": null
                  },
                  "lo0.16384": {
                    "address_mode": null,
                    "ips": [
                      "127.0.0.1/0"
                    ],
                    "nat_addresses": null,
                    "network_name": null,
                    "port_id": "lo0",
                    "port_usage": null,
                    "redundancy_state": null,
                    "rx_bytes": 0,
                    "rx_pkts": 0,
                    "servp_info": {
                      "asn": null,
                      "city": null,
                      "country_code": null,
                      "latitude": null,
                      "longitude": null,
                      "org": null,
                      "region_code": null
                    },
                    "tx_bytes": 0,
                    "tx_pkts": 0,
                    "up": true,
                    "vlan": null,
                    "wan_name": null,
                    "wan_type": null
                  },
                  "lo0.16385": {
                    "address_mode": null,
                    "ips": null,
                    "nat_addresses": null,
                    "network_name": null,
                    "port_id": "lo0",
                    "port_usage": null,
                    "redundancy_state": null,
                    "rx_bytes": 0,
                    "rx_pkts": 385510268,
                    "servp_info": null,
                    "tx_bytes": 0,
                    "tx_pkts": 385509679,
                    "up": true,
                    "vlan": null,
                    "wan_name": null,
                    "wan_type": null
                  },
                  "me0.0": {
                    "address_mode": null,
                    "ips": null,
                    "nat_addresses": null,
                    "network_name": null,
                    "port_id": "me0",
                    "port_usage": null,
                    "redundancy_state": null,
                    "rx_bytes": 0,
                    "rx_pkts": 0,
                    "servp_info": null,
                    "tx_bytes": 0,
                    "tx_pkts": 0,
                    "up": true,
                    "vlan": null,
                    "wan_name": null,
                    "wan_type": null
                  },
                  "vme.0": {
                    "address_mode": null,
                    "ips": null,
                    "nat_addresses": null,
                    "network_name": null,
                    "port_id": "vme",
                    "port_usage": null,
                    "redundancy_state": null,
                    "rx_bytes": 0,
                    "rx_pkts": 0,
                    "servp_info": null,
                    "tx_bytes": 0,
                    "tx_pkts": 0,
                    "up": true,
                    "vlan": null,
                    "wan_name": null,
                    "wan_type": null
                  }
                },
                "ip": "127.0.0.1",
                "ip_stat": {
                  "dhcp_server": null,
                  "dns": null,
                  "dns_suffix": null,
                  "gateway": "192.168.2.1",
                  "gateway6": null,
                  "ip": "192.168.2.79",
                  "ip6": null,
                  "ips": {
                    "vlan1": "192.168.2.79,127.0.0.1",
                    "vlan200": "2.2.2.2"
                  },
                  "netmask": "255.255.255.255",
                  "netmask6": null
                },
                "last_seen": 1720867913,
                "last_trouble": null,
                "mac": "c0bfa7011d94",
                "mac_table_stats": {
                  "mac_table_count": 33,
                  "max_mac_entries_supported": 112000
                },
                "map_id": null,
                "memory_stat": {
                  "usage": 11
                },
                "model": "EX4400-48T",
                "modified_time": 1717019005,
                "module_stat": [
                  {
                    "backup_version": "23.4R1.9",
                    "bios_version": "CDEN_P_EX0_00.10.01.01",
                    "cpld_version": "",
                    "errors": null,
                    "fans": [
                      {
                        "airflow": "out",
                        "name": "FPC 0 Fan Tray 0 Fan 0",
                        "status": "ok"
                      },
                      {
                        "airflow": "out",
                        "name": "FPC 0 Fan Tray 0 Fan 1",
                        "status": "ok"
                      },
                      {
                        "airflow": "out",
                        "name": "FPC 0 Fan Tray 1 Fan 0",
                        "status": "ok"
                      },
                      {
                        "airflow": "out",
                        "name": "FPC 0 Fan Tray 1 Fan 1",
                        "status": "ok"
                      }
                    ],
                    "fpc_idx": 0,
                    "fpga_version": "",
                    "last_seen": null,
                    "model": "EX4400-48T",
                    "optics_cpld_version": "",
                    "pending_version": "",
                    "pics": [
                      {
                        "index": 1,
                        "model_number": "EX4350-48T",
                        "port_groups": [
                          {
                            "count": 2,
                            "type": "QSFP28"
                          }
                        ]
                      }
                    ],
                    "poe": {
                      "max_power": null,
                      "power_draw": null
                    },
                    "poe_version": "",
                    "power_cpld_version": "",
                    "psus": [
                      {
                        "name": "Power Supply 0",
                        "status": "ok"
                      },
                      {
                        "name": "Power Supply 1",
                        "status": "absent"
                      }
                    ],
                    "re_fpga_version": "",
                    "recovery_version": "23.4R1.9",
                    "serial": "YK4320030007",
                    "status": null,
                    "temperatures": [
                      {
                        "celsius": 40,
                        "name": "Main Board Sensor 1",
                        "status": "ok"
                      },
                      {
                        "celsius": 38,
                        "name": "Main Board Sensor 2",
                        "status": "ok"
                      },
                      {
                        "celsius": 34,
                        "name": "Main Board Sensor 3",
                        "status": "ok"
                      },
                      {
                        "celsius": 34,
                        "name": "Main Board Sensor 4",
                        "status": "ok"
                      },
                      {
                        "celsius": 33,
                        "name": "Main Board Sensor 5",
                        "status": "ok"
                      },
                      {
                        "celsius": 34,
                        "name": "Main Board Sensor 6",
                        "status": "ok"
                      },
                      {
                        "celsius": 48,
                        "name": "PFE Die Sensor",
                        "status": "ok"
                      },
                      {
                        "celsius": 40,
                        "name": "CPU Die Sensor",
                        "status": "ok"
                      }
                    ],
                    "tmc_fpga_version": "",
                    "uboot_version": "",
                    "uptime": 4374660,
                    "vc_links": [],
                    "vc_mode": "HiGiG",
                    "vc_role": "master",
                    "vc_state": "present",
                    "version": "23.2R2.21"
                  }
                ],
                "name": "Scala-test",
                "org_id": "9777c1a0-6ef6-11e6-8bbf-02e208b2d34f",
                "route_summary_stats": {
                  "fib_routes": 3,
                  "max_unicast_routes_supported": 81000,
                  "rib_routes": 18,
                  "total_routes": 3
                },
                "serial": "YK4320030007",
                "service_stat": {},
                "site_id": "978c48e6-6ef6-11e6-8bbf-02e208b2d34f",
                "status": "connected",
                "uptime": 4374654,
                "vc_mac": null,
                "vc_setup_info": {
                  "config_type": "nonprovisioned",
                  "err_missing_dev_id_fpc": false
                },
                "version": "23.2R2.21"
              },
              {
                "ap_redundancy": null,
                "arp_table_stats": {
                  "arp_table_count": 2,
                  "max_entries_supported": 24000
                },
                "cert_expiry": null,
                "clients": [
                  {
                    "device_mac": "c0bfa7017894",
                    "hostname": null,
                    "mac": "c0bfa701fda0",
                    "port_id": "ge-0/0/21"
                  },
                  {
                    "device_mac": "c0bfa7017894",
                    "hostname": null,
                    "mac": "c0bfa701fe20",
                    "port_id": "ge-0/0/23"
                  }
                ],
                "clients_stats": {
                  "total": {
                    "num_aps": [
                      0
                    ],
                    "num_wired_clients": 2
                  }
                },
                "config_status": "NO_CHANGE",
                "cpu_stat": {
                  "idle": 95,
                  "interrupt": 0,
                  "load_avg": [
                    0.54,
                    0.38,
                    0.31
                  ],
                  "system": 2,
                  "user": 4
                },
                "created_time": 1720556995,
                "deviceprofile_id": null,
                "dhcpd_stat": {},
                "evpntopo_id": "1bec640e-eaac-4214-8954-58adfb008b52",
                "fw_versions_outofsync": false,
                "fwupdate": null,
                "has_pcap": false,
                "hostname": "ACCESS2",
                "hw_rev": "C",
                "id": "00000000-0000-0000-1000-c0bfa7017894",
                "if_stat": {
                  "ge-0/0/0.0": {
                    "address_mode": null,
                    "ips": null,
                    "nat_addresses": null,
                    "network_name": null,
                    "port_id": "ge-0/0/0",
                    "port_usage": null,
                    "redundancy_state": null,
                    "rx_bytes": 0,
                    "rx_pkts": 0,
                    "servp_info": null,
                    "tx_bytes": 0,
                    "tx_pkts": 0,
                    "up": false,
                    "vlan": null,
                    "wan_name": null,
                    "wan_type": null
                  },
                  "ge-0/0/1.0": {
                    "address_mode": null,
                    "ips": null,
                    "nat_addresses": null,
                    "network_name": null,
                    "port_id": "ge-0/0/1",
                    "port_usage": null,
                    "redundancy_state": null,
                    "rx_bytes": 0,
                    "rx_pkts": 0,
                    "servp_info": null,
                    "tx_bytes": 0,
                    "tx_pkts": 0,
                    "up": false,
                    "vlan": null,
                    "wan_name": null,
                    "wan_type": null
                  },
                  "ge-0/0/10.0": {
                    "address_mode": null,
                    "ips": null,
                    "nat_addresses": null,
                    "network_name": null,
                    "port_id": "ge-0/0/10",
                    "port_usage": null,
                    "redundancy_state": null,
                    "rx_bytes": 0,
                    "rx_pkts": 0,
                    "servp_info": null,
                    "tx_bytes": 0,
                    "tx_pkts": 0,
                    "up": false,
                    "vlan": null,
                    "wan_name": null,
                    "wan_type": null
                  },
                  "ge-0/0/11.0": {
                    "address_mode": null,
                    "ips": null,
                    "nat_addresses": null,
                    "network_name": null,
                    "port_id": "ge-0/0/11",
                    "port_usage": null,
                    "redundancy_state": null,
                    "rx_bytes": 0,
                    "rx_pkts": 0,
                    "servp_info": null,
                    "tx_bytes": 0,
                    "tx_pkts": 0,
                    "up": false,
                    "vlan": null,
                    "wan_name": null,
                    "wan_type": null
                  },
                  "ge-0/0/12.0": {
                    "address_mode": null,
                    "ips": null,
                    "nat_addresses": null,
                    "network_name": null,
                    "port_id": "ge-0/0/12",
                    "port_usage": null,
                    "redundancy_state": null,
                    "rx_bytes": 0,
                    "rx_pkts": 0,
                    "servp_info": null,
                    "tx_bytes": 0,
                    "tx_pkts": 0,
                    "up": false,
                    "vlan": null,
                    "wan_name": null,
                    "wan_type": null
                  },
                  "ge-0/0/13.0": {
                    "address_mode": null,
                    "ips": null,
                    "nat_addresses": null,
                    "network_name": null,
                    "port_id": "ge-0/0/13",
                    "port_usage": null,
                    "redundancy_state": null,
                    "rx_bytes": 0,
                    "rx_pkts": 0,
                    "servp_info": null,
                    "tx_bytes": 0,
                    "tx_pkts": 0,
                    "up": false,
                    "vlan": null,
                    "wan_name": null,
                    "wan_type": null
                  },
                  "ge-0/0/14.0": {
                    "address_mode": null,
                    "ips": null,
                    "nat_addresses": null,
                    "network_name": null,
                    "port_id": "ge-0/0/14",
                    "port_usage": null,
                    "redundancy_state": null,
                    "rx_bytes": 0,
                    "rx_pkts": 0,
                    "servp_info": null,
                    "tx_bytes": 0,
                    "tx_pkts": 0,
                    "up": false,
                    "vlan": null,
                    "wan_name": null,
                    "wan_type": null
                  },
                  "ge-0/0/15.0": {
                    "address_mode": null,
                    "ips": null,
                    "nat_addresses": null,
                    "network_name": null,
                    "port_id": "ge-0/0/15",
                    "port_usage": null,
                    "redundancy_state": null,
                    "rx_bytes": 0,
                    "rx_pkts": 0,
                    "servp_info": null,
                    "tx_bytes": 0,
                    "tx_pkts": 0,
                    "up": false,
                    "vlan": null,
                    "wan_name": null,
                    "wan_type": null
                  },
                  "ge-0/0/16.0": {
                    "address_mode": null,
                    "ips": null,
                    "nat_addresses": null,
                    "network_name": null,
                    "port_id": "ge-0/0/16",
                    "port_usage": null,
                    "redundancy_state": null,
                    "rx_bytes": 0,
                    "rx_pkts": 0,
                    "servp_info": null,
                    "tx_bytes": 0,
                    "tx_pkts": 0,
                    "up": false,
                    "vlan": null,
                    "wan_name": null,
                    "wan_type": null
                  },
                  "ge-0/0/17.0": {
                    "address_mode": null,
                    "ips": null,
                    "nat_addresses": null,
                    "network_name": null,
                    "port_id": "ge-0/0/17",
                    "port_usage": null,
                    "redundancy_state": null,
                    "rx_bytes": 0,
                    "rx_pkts": 0,
                    "servp_info": null,
                    "tx_bytes": 0,
                    "tx_pkts": 0,
                    "up": false,
                    "vlan": null,
                    "wan_name": null,
                    "wan_type": null
                  },
                  "ge-0/0/18.0": {
                    "address_mode": null,
                    "ips": null,
                    "nat_addresses": null,
                    "network_name": null,
                    "port_id": "ge-0/0/18",
                    "port_usage": null,
                    "redundancy_state": null,
                    "rx_bytes": 0,
                    "rx_pkts": 0,
                    "servp_info": null,
                    "tx_bytes": 0,
                    "tx_pkts": 0,
                    "up": false,
                    "vlan": null,
                    "wan_name": null,
                    "wan_type": null
                  },
                  "ge-0/0/19.0": {
                    "address_mode": null,
                    "ips": null,
                    "nat_addresses": null,
                    "network_name": null,
                    "port_id": "ge-0/0/19",
                    "port_usage": null,
                    "redundancy_state": null,
                    "rx_bytes": 0,
                    "rx_pkts": 0,
                    "servp_info": null,
                    "tx_bytes": 0,
                    "tx_pkts": 0,
                    "up": false,
                    "vlan": null,
                    "wan_name": null,
                    "wan_type": null
                  },
                  "ge-0/0/2.0": {
                    "address_mode": null,
                    "ips": null,
                    "nat_addresses": null,
                    "network_name": null,
                    "port_id": "ge-0/0/2",
                    "port_usage": null,
                    "redundancy_state": null,
                    "rx_bytes": 0,
                    "rx_pkts": 0,
                    "servp_info": null,
                    "tx_bytes": 0,
                    "tx_pkts": 0,
                    "up": false,
                    "vlan": null,
                    "wan_name": null,
                    "wan_type": null
                  },
                  "ge-0/0/20.0": {
                    "address_mode": null,
                    "ips": null,
                    "nat_addresses": null,
                    "network_name": null,
                    "port_id": "ge-0/0/20",
                    "port_usage": null,
                    "redundancy_state": null,
                    "rx_bytes": 0,
                    "rx_pkts": 0,
                    "servp_info": null,
                    "tx_bytes": 0,
                    "tx_pkts": 0,
                    "up": false,
                    "vlan": null,
                    "wan_name": null,
                    "wan_type": null
                  },
                  "ge-0/0/21.0": {
                    "address_mode": null,
                    "ips": null,
                    "nat_addresses": null,
                    "network_name": null,
                    "port_id": "ge-0/0/21",
                    "port_usage": null,
                    "redundancy_state": null,
                    "rx_bytes": 60048754,
                    "rx_pkts": 594782,
                    "servp_info": null,
                    "tx_bytes": 172062649,
                    "tx_pkts": 292640,
                    "up": true,
                    "vlan": null,
                    "wan_name": null,
                    "wan_type": null
                  },
                  "ge-0/0/22.0": {
                    "address_mode": null,
                    "ips": null,
                    "nat_addresses": null,
                    "network_name": null,
                    "port_id": "ge-0/0/22",
                    "port_usage": null,
                    "redundancy_state": null,
                    "rx_bytes": 0,
                    "rx_pkts": 0,
                    "servp_info": null,
                    "tx_bytes": 0,
                    "tx_pkts": 0,
                    "up": false,
                    "vlan": null,
                    "wan_name": null,
                    "wan_type": null
                  },
                  "ge-0/0/23.0": {
                    "address_mode": null,
                    "ips": null,
                    "nat_addresses": null,
                    "network_name": null,
                    "port_id": "ge-0/0/23",
                    "port_usage": null,
                    "redundancy_state": null,
                    "rx_bytes": 4741935,
                    "rx_pkts": 10757,
                    "servp_info": null,
                    "tx_bytes": 212952599,
                    "tx_pkts": 379436,
                    "up": true,
                    "vlan": null,
                    "wan_name": null,
                    "wan_type": null
                  },
                  "ge-0/0/3.0": {
                    "address_mode": null,
                    "ips": null,
                    "nat_addresses": null,
                    "network_name": null,
                    "port_id": "ge-0/0/3",
                    "port_usage": null,
                    "redundancy_state": null,
                    "rx_bytes": 0,
                    "rx_pkts": 0,
                    "servp_info": null,
                    "tx_bytes": 0,
                    "tx_pkts": 0,
                    "up": false,
                    "vlan": null,
                    "wan_name": null,
                    "wan_type": null
                  },
                  "ge-0/0/4.0": {
                    "address_mode": null,
                    "ips": null,
                    "nat_addresses": null,
                    "network_name": null,
                    "port_id": "ge-0/0/4",
                    "port_usage": null,
                    "redundancy_state": null,
                    "rx_bytes": 0,
                    "rx_pkts": 0,
                    "servp_info": null,
                    "tx_bytes": 0,
                    "tx_pkts": 0,
                    "up": false,
                    "vlan": null,
                    "wan_name": null,
                    "wan_type": null
                  },
                  "ge-0/0/5.0": {
                    "address_mode": null,
                    "ips": null,
                    "nat_addresses": null,
                    "network_name": null,
                    "port_id": "ge-0/0/5",
                    "port_usage": null,
                    "redundancy_state": null,
                    "rx_bytes": 0,
                    "rx_pkts": 0,
                    "servp_info": null,
                    "tx_bytes": 0,
                    "tx_pkts": 0,
                    "up": false,
                    "vlan": null,
                    "wan_name": null,
                    "wan_type": null
                  },
                  "ge-0/0/6.0": {
                    "address_mode": null,
                    "ips": null,
                    "nat_addresses": null,
                    "network_name": null,
                    "port_id": "ge-0/0/6",
                    "port_usage": null,
                    "redundancy_state": null,
                    "rx_bytes": 0,
                    "rx_pkts": 0,
                    "servp_info": null,
                    "tx_bytes": 0,
                    "tx_pkts": 0,
                    "up": false,
                    "vlan": null,
                    "wan_name": null,
                    "wan_type": null
                  },
                  "ge-0/0/7.0": {
                    "address_mode": null,
                    "ips": null,
                    "nat_addresses": null,
                    "network_name": null,
                    "port_id": "ge-0/0/7",
                    "port_usage": null,
                    "redundancy_state": null,
                    "rx_bytes": 0,
                    "rx_pkts": 0,
                    "servp_info": null,
                    "tx_bytes": 0,
                    "tx_pkts": 0,
                    "up": false,
                    "vlan": null,
                    "wan_name": null,
                    "wan_type": null
                  },
                  "ge-0/0/8.0": {
                    "address_mode": null,
                    "ips": null,
                    "nat_addresses": null,
                    "network_name": null,
                    "port_id": "ge-0/0/8",
                    "port_usage": null,
                    "redundancy_state": null,
                    "rx_bytes": 0,
                    "rx_pkts": 0,
                    "servp_info": null,
                    "tx_bytes": 0,
                    "tx_pkts": 0,
                    "up": false,
                    "vlan": null,
                    "wan_name": null,
                    "wan_type": null
                  },
                  "ge-0/0/9.0": {
                    "address_mode": null,
                    "ips": null,
                    "nat_addresses": null,
                    "network_name": null,
                    "port_id": "ge-0/0/9",
                    "port_usage": null,
                    "redundancy_state": null,
                    "rx_bytes": 0,
                    "rx_pkts": 0,
                    "servp_info": null,
                    "tx_bytes": 0,
                    "tx_pkts": 0,
                    "up": false,
                    "vlan": null,
                    "wan_name": null,
                    "wan_type": null
                  },
                  "irb.0": {
                    "address_mode": null,
                    "ips": [
                      "10.10.10.64/24"
                    ],
                    "nat_addresses": null,
                    "network_name": null,
                    "port_id": "irb",
                    "port_usage": null,
                    "redundancy_state": null,
                    "rx_bytes": 124750647,
                    "rx_pkts": 995831,
                    "servp_info": {
                      "asn": null,
                      "city": null,
                      "country_code": null,
                      "latitude": null,
                      "longitude": null,
                      "org": null,
                      "region_code": null
                    },
                    "tx_bytes": 374836722,
                    "tx_pkts": 650908,
                    "up": true,
                    "vlan": 1,
                    "wan_name": null,
                    "wan_type": null
                  },
                  "lo0.16384": {
                    "address_mode": null,
                    "ips": [
                      "127.0.0.1/0"
                    ],
                    "nat_addresses": null,
                    "network_name": null,
                    "port_id": "lo0",
                    "port_usage": null,
                    "redundancy_state": null,
                    "rx_bytes": 0,
                    "rx_pkts": 0,
                    "servp_info": {
                      "asn": null,
                      "city": null,
                      "country_code": null,
                      "latitude": null,
                      "longitude": null,
                      "org": null,
                      "region_code": null
                    },
                    "tx_bytes": 0,
                    "tx_pkts": 0,
                    "up": true,
                    "vlan": null,
                    "wan_name": null,
                    "wan_type": null
                  },
                  "lo0.16385": {
                    "address_mode": null,
                    "ips": null,
                    "nat_addresses": null,
                    "network_name": null,
                    "port_id": "lo0",
                    "port_usage": null,
                    "redundancy_state": null,
                    "rx_bytes": 1499910353,
                    "rx_pkts": 14979118,
                    "servp_info": null,
                    "tx_bytes": 1499907289,
                    "tx_pkts": 14979109,
                    "up": true,
                    "vlan": null,
                    "wan_name": null,
                    "wan_type": null
                  },
                  "me0.0": {
                    "address_mode": null,
                    "ips": null,
                    "nat_addresses": null,
                    "network_name": null,
                    "port_id": "me0",
                    "port_usage": null,
                    "redundancy_state": null,
                    "rx_bytes": 0,
                    "rx_pkts": 0,
                    "servp_info": null,
                    "tx_bytes": 0,
                    "tx_pkts": 0,
                    "up": false,
                    "vlan": null,
                    "wan_name": null,
                    "wan_type": null
                  },
                  "vme.0": {
                    "address_mode": null,
                    "ips": null,
                    "nat_addresses": null,
                    "network_name": null,
                    "port_id": "vme",
                    "port_usage": null,
                    "redundancy_state": null,
                    "rx_bytes": 0,
                    "rx_pkts": 0,
                    "servp_info": null,
                    "tx_bytes": 0,
                    "tx_pkts": 0,
                    "up": false,
                    "vlan": null,
                    "wan_name": null,
                    "wan_type": null
                  }
                },
                "ip": "127.0.0.1",
                "ip_stat": {
                  "dhcp_server": null,
                  "dns": null,
                  "dns_suffix": null,
                  "gateway": "10.10.10.1",
                  "gateway6": null,
                  "ip": "10.10.10.64",
                  "ip6": null,
                  "ips": {
                    "vlan1": "10.10.10.64,127.0.0.1"
                  },
                  "netmask": "255.255.255.255",
                  "netmask6": null
                },
                "last_seen": 1720867910,
                "last_trouble": {
                  "code": "4",
                  "timestamp": 1720569504342
                },
                "mac": "c0bfa7017894",
                "mac_table_stats": {
                  "mac_table_count": 2,
                  "max_mac_entries_supported": 112000
                },
                "map_id": null,
                "memory_stat": {
                  "usage": 17
                },
                "model": "EX4400-24P",
                "modified_time": 1720569156,
                "module_stat": [
                  {
                    "backup_version": "22.3R1.11",
                    "bios_version": "CDEN_P_EX0_00.10.01.01",
                    "cpld_version": "",
                    "errors": null,
                    "fans": [
                      {
                        "airflow": "out",
                        "name": "FPC 0 Fan Tray 0 Fan 0",
                        "status": "ok"
                      },
                      {
                        "airflow": "out",
                        "name": "FPC 0 Fan Tray 0 Fan 1",
                        "status": "ok"
                      },
                      {
                        "airflow": "out",
                        "name": "FPC 0 Fan Tray 1 Fan 0",
                        "status": "ok"
                      },
                      {
                        "airflow": "out",
                        "name": "FPC 0 Fan Tray 1 Fan 1",
                        "status": "ok"
                      }
                    ],
                    "fpc_idx": 0,
                    "fpga_version": "",
                    "last_seen": null,
                    "model": "EX4400-24P",
                    "optics_cpld_version": "",
                    "pending_version": "",
                    "pics": [
                      {
                        "index": 1,
                        "model_number": "EX4400-24P-S",
                        "port_groups": [
                          {
                            "count": 2,
                            "type": "QSFP28"
                          }
                        ]
                      },
                      {
                        "index": 2,
                        "model_number": "EX4400-EM-4S",
                        "port_groups": [
                          {
                            "count": 4,
                            "type": "SFP/SFP+"
                          }
                        ]
                      }
                    ],
                    "poe": {
                      "max_power": 783,
                      "power_draw": 0
                    },
                    "poe_version": "3.5.2.0.30 (type1)",
                    "power_cpld_version": "",
                    "psus": [
                      {
                        "name": "Power Supply 0",
                        "status": "ok"
                      },
                      {
                        "name": "Power Supply 1",
                        "status": "absent"
                      }
                    ],
                    "re_fpga_version": "",
                    "recovery_version": "",
                    "serial": "ZE4320270007",
                    "status": null,
                    "temperatures": [
                      {
                        "celsius": 32,
                        "name": "Main Board Sensor 1",
                        "status": "ok"
                      },
                      {
                        "celsius": 27,
                        "name": "Main Board Sensor 2",
                        "status": "ok"
                      },
                      {
                        "celsius": 26,
                        "name": "Main Board Sensor 3",
                        "status": "ok"
                      },
                      {
                        "celsius": 23,
                        "name": "Main Board Sensor 4",
                        "status": "ok"
                      },
                      {
                        "celsius": 21,
                        "name": "Main Board Sensor 5",
                        "status": "ok"
                      },
                      {
                        "celsius": 23,
                        "name": "Main Board Sensor 6",
                        "status": "ok"
                      },
                      {
                        "celsius": 38,
                        "name": "PFE Die Sensor",
                        "status": "ok"
                      },
                      {
                        "celsius": 36,
                        "name": "CPU Die Sensor",
                        "status": "ok"
                      }
                    ],
                    "tmc_fpga_version": "",
                    "uboot_version": "",
                    "uptime": 299160,
                    "vc_links": [],
                    "vc_mode": "HiGiG",
                    "vc_role": "master",
                    "vc_state": "present",
                    "version": "22.4R3.25"
                  }
                ],
                "name": "ACCESS2",
                "org_id": "9777c1a0-6ef6-11e6-8bbf-02e208b2d34f",
                "route_summary_stats": {
                  "fib_routes": 5,
                  "max_unicast_routes_supported": 81000,
                  "rib_routes": 16,
                  "total_routes": 3
                },
                "serial": "ZE4320270007",
                "service_stat": {},
                "site_id": "abe3b357-fd9d-4af3-b76b-5ab740942289",
                "status": "connected",
                "uptime": 299144,
                "vc_mac": null,
                "vc_setup_info": {
                  "config_type": "nonprovisioned",
                  "err_missing_dev_id_fpc": false
                },
                "version": "22.4R3.25"
              },
              {
                "ap_redundancy": null,
                "arp_table_stats": {
                  "arp_table_count": 2,
                  "max_entries_supported": 24000
                },
                "cert_expiry": null,
                "clients": [
                  {
                    "device_mac": "c0bfa70222a0",
                    "hostname": null,
                    "mac": "a8537d8a7585",
                    "port_id": "ge-0/0/2"
                  },
                  {
                    "device_mac": "c0bfa70222a0",
                    "hostname": null,
                    "mac": "c0bfa701fe20",
                    "port_id": "ge-0/0/47"
                  },
                  {
                    "device_mac": "c0bfa70222a0",
                    "hostname": null,
                    "mac": "c0bfa701fda0",
                    "port_id": "ae0"
                  }
                ],
                "clients_stats": {
                  "total": {
                    "num_aps": [
                      0
                    ],
                    "num_wired_clients": 3
                  }
                },
                "config_status": "NO_CHANGE",
                "cpu_stat": {
                  "idle": 96,
                  "interrupt": 0,
                  "load_avg": [
                    0.27,
                    0.33,
                    0.33
                  ],
                  "system": 1,
                  "user": 3
                },
                "created_time": 1720557121,
                "deviceprofile_id": null,
                "dhcpd_stat": {},
                "evpntopo_id": "1bec640e-eaac-4214-8954-58adfb008b52",
                "fw_versions_outofsync": false,
                "fwupdate": null,
                "has_pcap": true,
                "hostname": "ACCESS1",
                "hw_rev": "C",
                "id": "00000000-0000-0000-1000-c0bfa70222a0",
                "if_stat": {
                  "ge-0/0/0.0": {
                    "address_mode": null,
                    "ips": null,
                    "nat_addresses": null,
                    "network_name": null,
                    "port_id": "ge-0/0/0",
                    "port_usage": null,
                    "redundancy_state": null,
                    "rx_bytes": 0,
                    "rx_pkts": 0,
                    "servp_info": null,
                    "tx_bytes": 0,
                    "tx_pkts": 0,
                    "up": true,
                    "vlan": null,
                    "wan_name": null,
                    "wan_type": null
                  },
                  "ge-0/0/1.0": {
                    "address_mode": null,
                    "ips": null,
                    "nat_addresses": null,
                    "network_name": null,
                    "port_id": "ge-0/0/1",
                    "port_usage": null,
                    "redundancy_state": null,
                    "rx_bytes": 0,
                    "rx_pkts": 0,
                    "servp_info": null,
                    "tx_bytes": 0,
                    "tx_pkts": 0,
                    "up": true,
                    "vlan": null,
                    "wan_name": null,
                    "wan_type": null
                  },
                  "ge-0/0/10.0": {
                    "address_mode": null,
                    "ips": null,
                    "nat_addresses": null,
                    "network_name": null,
                    "port_id": "ge-0/0/10",
                    "port_usage": null,
                    "redundancy_state": null,
                    "rx_bytes": 0,
                    "rx_pkts": 0,
                    "servp_info": null,
                    "tx_bytes": 0,
                    "tx_pkts": 0,
                    "up": true,
                    "vlan": null,
                    "wan_name": null,
                    "wan_type": null
                  },
                  "ge-0/0/11.0": {
                    "address_mode": null,
                    "ips": null,
                    "nat_addresses": null,
                    "network_name": null,
                    "port_id": "ge-0/0/11",
                    "port_usage": null,
                    "redundancy_state": null,
                    "rx_bytes": 0,
                    "rx_pkts": 0,
                    "servp_info": null,
                    "tx_bytes": 0,
                    "tx_pkts": 0,
                    "up": true,
                    "vlan": null,
                    "wan_name": null,
                    "wan_type": null
                  },
                  "ge-0/0/12.0": {
                    "address_mode": null,
                    "ips": null,
                    "nat_addresses": null,
                    "network_name": null,
                    "port_id": "ge-0/0/12",
                    "port_usage": null,
                    "redundancy_state": null,
                    "rx_bytes": 0,
                    "rx_pkts": 0,
                    "servp_info": null,
                    "tx_bytes": 0,
                    "tx_pkts": 0,
                    "up": true,
                    "vlan": null,
                    "wan_name": null,
                    "wan_type": null
                  },
                  "ge-0/0/13.0": {
                    "address_mode": null,
                    "ips": null,
                    "nat_addresses": null,
                    "network_name": null,
                    "port_id": "ge-0/0/13",
                    "port_usage": null,
                    "redundancy_state": null,
                    "rx_bytes": 0,
                    "rx_pkts": 0,
                    "servp_info": null,
                    "tx_bytes": 0,
                    "tx_pkts": 0,
                    "up": true,
                    "vlan": null,
                    "wan_name": null,
                    "wan_type": null
                  },
                  "ge-0/0/14.0": {
                    "address_mode": null,
                    "ips": null,
                    "nat_addresses": null,
                    "network_name": null,
                    "port_id": "ge-0/0/14",
                    "port_usage": null,
                    "redundancy_state": null,
                    "rx_bytes": 0,
                    "rx_pkts": 0,
                    "servp_info": null,
                    "tx_bytes": 0,
                    "tx_pkts": 0,
                    "up": true,
                    "vlan": null,
                    "wan_name": null,
                    "wan_type": null
                  },
                  "ge-0/0/15.0": {
                    "address_mode": null,
                    "ips": null,
                    "nat_addresses": null,
                    "network_name": null,
                    "port_id": "ge-0/0/15",
                    "port_usage": null,
                    "redundancy_state": null,
                    "rx_bytes": 0,
                    "rx_pkts": 0,
                    "servp_info": null,
                    "tx_bytes": 0,
                    "tx_pkts": 0,
                    "up": true,
                    "vlan": null,
                    "wan_name": null,
                    "wan_type": null
                  },
                  "ge-0/0/16.0": {
                    "address_mode": null,
                    "ips": null,
                    "nat_addresses": null,
                    "network_name": null,
                    "port_id": "ge-0/0/16",
                    "port_usage": null,
                    "redundancy_state": null,
                    "rx_bytes": 0,
                    "rx_pkts": 0,
                    "servp_info": null,
                    "tx_bytes": 0,
                    "tx_pkts": 0,
                    "up": true,
                    "vlan": null,
                    "wan_name": null,
                    "wan_type": null
                  },
                  "ge-0/0/17.0": {
                    "address_mode": null,
                    "ips": null,
                    "nat_addresses": null,
                    "network_name": null,
                    "port_id": "ge-0/0/17",
                    "port_usage": null,
                    "redundancy_state": null,
                    "rx_bytes": 0,
                    "rx_pkts": 0,
                    "servp_info": null,
                    "tx_bytes": 0,
                    "tx_pkts": 0,
                    "up": true,
                    "vlan": null,
                    "wan_name": null,
                    "wan_type": null
                  },
                  "ge-0/0/18.0": {
                    "address_mode": null,
                    "ips": null,
                    "nat_addresses": null,
                    "network_name": null,
                    "port_id": "ge-0/0/18",
                    "port_usage": null,
                    "redundancy_state": null,
                    "rx_bytes": 0,
                    "rx_pkts": 0,
                    "servp_info": null,
                    "tx_bytes": 0,
                    "tx_pkts": 0,
                    "up": true,
                    "vlan": null,
                    "wan_name": null,
                    "wan_type": null
                  },
                  "ge-0/0/19.0": {
                    "address_mode": null,
                    "ips": null,
                    "nat_addresses": null,
                    "network_name": null,
                    "port_id": "ge-0/0/19",
                    "port_usage": null,
                    "redundancy_state": null,
                    "rx_bytes": 0,
                    "rx_pkts": 0,
                    "servp_info": null,
                    "tx_bytes": 0,
                    "tx_pkts": 0,
                    "up": true,
                    "vlan": null,
                    "wan_name": null,
                    "wan_type": null
                  },
                  "ge-0/0/2.0": {
                    "address_mode": null,
                    "ips": null,
                    "nat_addresses": null,
                    "network_name": null,
                    "port_id": "ge-0/0/2",
                    "port_usage": null,
                    "redundancy_state": null,
                    "rx_bytes": 0,
                    "rx_pkts": 56,
                    "servp_info": null,
                    "tx_bytes": 0,
                    "tx_pkts": 10799,
                    "up": true,
                    "vlan": null,
                    "wan_name": null,
                    "wan_type": null
                  },
                  "ge-0/0/20.0": {
                    "address_mode": null,
                    "ips": null,
                    "nat_addresses": null,
                    "network_name": null,
                    "port_id": "ge-0/0/20",
                    "port_usage": null,
                    "redundancy_state": null,
                    "rx_bytes": 0,
                    "rx_pkts": 0,
                    "servp_info": null,
                    "tx_bytes": 0,
                    "tx_pkts": 0,
                    "up": true,
                    "vlan": null,
                    "wan_name": null,
                    "wan_type": null
                  },
                  "ge-0/0/21.0": {
                    "address_mode": null,
                    "ips": null,
                    "nat_addresses": null,
                    "network_name": null,
                    "port_id": "ge-0/0/21",
                    "port_usage": null,
                    "redundancy_state": null,
                    "rx_bytes": 0,
                    "rx_pkts": 0,
                    "servp_info": null,
                    "tx_bytes": 0,
                    "tx_pkts": 0,
                    "up": true,
                    "vlan": null,
                    "wan_name": null,
                    "wan_type": null
                  },
                  "ge-0/0/22.0": {
                    "address_mode": null,
                    "ips": null,
                    "nat_addresses": null,
                    "network_name": null,
                    "port_id": "ge-0/0/22",
                    "port_usage": null,
                    "redundancy_state": null,
                    "rx_bytes": 0,
                    "rx_pkts": 0,
                    "servp_info": null,
                    "tx_bytes": 0,
                    "tx_pkts": 0,
                    "up": true,
                    "vlan": null,
                    "wan_name": null,
                    "wan_type": null
                  },
                  "ge-0/0/23.0": {
                    "address_mode": null,
                    "ips": null,
                    "nat_addresses": null,
                    "network_name": null,
                    "port_id": "ge-0/0/23",
                    "port_usage": null,
                    "redundancy_state": null,
                    "rx_bytes": 0,
                    "rx_pkts": 0,
                    "servp_info": null,
                    "tx_bytes": 0,
                    "tx_pkts": 0,
                    "up": true,
                    "vlan": null,
                    "wan_name": null,
                    "wan_type": null
                  },
                  "ge-0/0/24.0": {
                    "address_mode": null,
                    "ips": null,
                    "nat_addresses": null,
                    "network_name": null,
                    "port_id": "ge-0/0/24",
                    "port_usage": null,
                    "redundancy_state": null,
                    "rx_bytes": 0,
                    "rx_pkts": 0,
                    "servp_info": null,
                    "tx_bytes": 0,
                    "tx_pkts": 0,
                    "up": true,
                    "vlan": null,
                    "wan_name": null,
                    "wan_type": null
                  },
                  "ge-0/0/25.0": {
                    "address_mode": null,
                    "ips": null,
                    "nat_addresses": null,
                    "network_name": null,
                    "port_id": "ge-0/0/25",
                    "port_usage": null,
                    "redundancy_state": null,
                    "rx_bytes": 0,
                    "rx_pkts": 0,
                    "servp_info": null,
                    "tx_bytes": 0,
                    "tx_pkts": 0,
                    "up": true,
                    "vlan": null,
                    "wan_name": null,
                    "wan_type": null
                  },
                  "ge-0/0/26.0": {
                    "address_mode": null,
                    "ips": null,
                    "nat_addresses": null,
                    "network_name": null,
                    "port_id": "ge-0/0/26",
                    "port_usage": null,
                    "redundancy_state": null,
                    "rx_bytes": 0,
                    "rx_pkts": 0,
                    "servp_info": null,
                    "tx_bytes": 0,
                    "tx_pkts": 0,
                    "up": true,
                    "vlan": null,
                    "wan_name": null,
                    "wan_type": null
                  },
                  "ge-0/0/27.0": {
                    "address_mode": null,
                    "ips": null,
                    "nat_addresses": null,
                    "network_name": null,
                    "port_id": "ge-0/0/27",
                    "port_usage": null,
                    "redundancy_state": null,
                    "rx_bytes": 0,
                    "rx_pkts": 0,
                    "servp_info": null,
                    "tx_bytes": 0,
                    "tx_pkts": 0,
                    "up": true,
                    "vlan": null,
                    "wan_name": null,
                    "wan_type": null
                  },
                  "ge-0/0/28.0": {
                    "address_mode": null,
                    "ips": null,
                    "nat_addresses": null,
                    "network_name": null,
                    "port_id": "ge-0/0/28",
                    "port_usage": null,
                    "redundancy_state": null,
                    "rx_bytes": 0,
                    "rx_pkts": 0,
                    "servp_info": null,
                    "tx_bytes": 0,
                    "tx_pkts": 0,
                    "up": true,
                    "vlan": null,
                    "wan_name": null,
                    "wan_type": null
                  },
                  "ge-0/0/29.0": {
                    "address_mode": null,
                    "ips": null,
                    "nat_addresses": null,
                    "network_name": null,
                    "port_id": "ge-0/0/29",
                    "port_usage": null,
                    "redundancy_state": null,
                    "rx_bytes": 0,
                    "rx_pkts": 0,
                    "servp_info": null,
                    "tx_bytes": 0,
                    "tx_pkts": 0,
                    "up": true,
                    "vlan": null,
                    "wan_name": null,
                    "wan_type": null
                  },
                  "ge-0/0/3.0": {
                    "address_mode": null,
                    "ips": null,
                    "nat_addresses": null,
                    "network_name": null,
                    "port_id": "ge-0/0/3",
                    "port_usage": null,
                    "redundancy_state": null,
                    "rx_bytes": 0,
                    "rx_pkts": 0,
                    "servp_info": null,
                    "tx_bytes": 0,
                    "tx_pkts": 0,
                    "up": true,
                    "vlan": null,
                    "wan_name": null,
                    "wan_type": null
                  },
                  "ge-0/0/30.0": {
                    "address_mode": null,
                    "ips": null,
                    "nat_addresses": null,
                    "network_name": null,
                    "port_id": "ge-0/0/30",
                    "port_usage": null,
                    "redundancy_state": null,
                    "rx_bytes": 0,
                    "rx_pkts": 0,
                    "servp_info": null,
                    "tx_bytes": 0,
                    "tx_pkts": 0,
                    "up": true,
                    "vlan": null,
                    "wan_name": null,
                    "wan_type": null
                  },
                  "ge-0/0/31.0": {
                    "address_mode": null,
                    "ips": null,
                    "nat_addresses": null,
                    "network_name": null,
                    "port_id": "ge-0/0/31",
                    "port_usage": null,
                    "redundancy_state": null,
                    "rx_bytes": 0,
                    "rx_pkts": 0,
                    "servp_info": null,
                    "tx_bytes": 0,
                    "tx_pkts": 0,
                    "up": true,
                    "vlan": null,
                    "wan_name": null,
                    "wan_type": null
                  },
                  "ge-0/0/32.0": {
                    "address_mode": null,
                    "ips": null,
                    "nat_addresses": null,
                    "network_name": null,
                    "port_id": "ge-0/0/32",
                    "port_usage": null,
                    "redundancy_state": null,
                    "rx_bytes": 0,
                    "rx_pkts": 0,
                    "servp_info": null,
                    "tx_bytes": 0,
                    "tx_pkts": 0,
                    "up": true,
                    "vlan": null,
                    "wan_name": null,
                    "wan_type": null
                  },
                  "ge-0/0/33.0": {
                    "address_mode": null,
                    "ips": null,
                    "nat_addresses": null,
                    "network_name": null,
                    "port_id": "ge-0/0/33",
                    "port_usage": null,
                    "redundancy_state": null,
                    "rx_bytes": 0,
                    "rx_pkts": 0,
                    "servp_info": null,
                    "tx_bytes": 0,
                    "tx_pkts": 0,
                    "up": true,
                    "vlan": null,
                    "wan_name": null,
                    "wan_type": null
                  },
                  "ge-0/0/34.0": {
                    "address_mode": null,
                    "ips": null,
                    "nat_addresses": null,
                    "network_name": null,
                    "port_id": "ge-0/0/34",
                    "port_usage": null,
                    "redundancy_state": null,
                    "rx_bytes": 0,
                    "rx_pkts": 0,
                    "servp_info": null,
                    "tx_bytes": 0,
                    "tx_pkts": 0,
                    "up": true,
                    "vlan": null,
                    "wan_name": null,
                    "wan_type": null
                  },
                  "ge-0/0/35.0": {
                    "address_mode": null,
                    "ips": null,
                    "nat_addresses": null,
                    "network_name": null,
                    "port_id": "ge-0/0/35",
                    "port_usage": null,
                    "redundancy_state": null,
                    "rx_bytes": 0,
                    "rx_pkts": 0,
                    "servp_info": null,
                    "tx_bytes": 0,
                    "tx_pkts": 0,
                    "up": true,
                    "vlan": null,
                    "wan_name": null,
                    "wan_type": null
                  },
                  "ge-0/0/36.0": {
                    "address_mode": null,
                    "ips": null,
                    "nat_addresses": null,
                    "network_name": null,
                    "port_id": "ge-0/0/36",
                    "port_usage": null,
                    "redundancy_state": null,
                    "rx_bytes": 0,
                    "rx_pkts": 0,
                    "servp_info": null,
                    "tx_bytes": 0,
                    "tx_pkts": 0,
                    "up": true,
                    "vlan": null,
                    "wan_name": null,
                    "wan_type": null
                  },
                  "ge-0/0/37.0": {
                    "address_mode": null,
                    "ips": null,
                    "nat_addresses": null,
                    "network_name": null,
                    "port_id": "ge-0/0/37",
                    "port_usage": null,
                    "redundancy_state": null,
                    "rx_bytes": 0,
                    "rx_pkts": 0,
                    "servp_info": null,
                    "tx_bytes": 0,
                    "tx_pkts": 0,
                    "up": true,
                    "vlan": null,
                    "wan_name": null,
                    "wan_type": null
                  },
                  "ge-0/0/38.0": {
                    "address_mode": null,
                    "ips": null,
                    "nat_addresses": null,
                    "network_name": null,
                    "port_id": "ge-0/0/38",
                    "port_usage": null,
                    "redundancy_state": null,
                    "rx_bytes": 0,
                    "rx_pkts": 0,
                    "servp_info": null,
                    "tx_bytes": 0,
                    "tx_pkts": 0,
                    "up": true,
                    "vlan": null,
                    "wan_name": null,
                    "wan_type": null
                  },
                  "ge-0/0/39.0": {
                    "address_mode": null,
                    "ips": null,
                    "nat_addresses": null,
                    "network_name": null,
                    "port_id": "ge-0/0/39",
                    "port_usage": null,
                    "redundancy_state": null,
                    "rx_bytes": 0,
                    "rx_pkts": 0,
                    "servp_info": null,
                    "tx_bytes": 0,
                    "tx_pkts": 0,
                    "up": true,
                    "vlan": null,
                    "wan_name": null,
                    "wan_type": null
                  },
                  "ge-0/0/4.0": {
                    "address_mode": null,
                    "ips": null,
                    "nat_addresses": null,
                    "network_name": null,
                    "port_id": "ge-0/0/4",
                    "port_usage": null,
                    "redundancy_state": null,
                    "rx_bytes": 0,
                    "rx_pkts": 0,
                    "servp_info": null,
                    "tx_bytes": 0,
                    "tx_pkts": 0,
                    "up": true,
                    "vlan": null,
                    "wan_name": null,
                    "wan_type": null
                  },
                  "ge-0/0/40.0": {
                    "address_mode": null,
                    "ips": null,
                    "nat_addresses": null,
                    "network_name": null,
                    "port_id": "ge-0/0/40",
                    "port_usage": null,
                    "redundancy_state": null,
                    "rx_bytes": 0,
                    "rx_pkts": 0,
                    "servp_info": null,
                    "tx_bytes": 0,
                    "tx_pkts": 0,
                    "up": true,
                    "vlan": null,
                    "wan_name": null,
                    "wan_type": null
                  },
                  "ge-0/0/41.0": {
                    "address_mode": null,
                    "ips": null,
                    "nat_addresses": null,
                    "network_name": null,
                    "port_id": "ge-0/0/41",
                    "port_usage": null,
                    "redundancy_state": null,
                    "rx_bytes": 0,
                    "rx_pkts": 0,
                    "servp_info": null,
                    "tx_bytes": 0,
                    "tx_pkts": 0,
                    "up": true,
                    "vlan": null,
                    "wan_name": null,
                    "wan_type": null
                  },
                  "ge-0/0/42.0": {
                    "address_mode": null,
                    "ips": null,
                    "nat_addresses": null,
                    "network_name": null,
                    "port_id": "ge-0/0/42",
                    "port_usage": null,
                    "redundancy_state": null,
                    "rx_bytes": 0,
                    "rx_pkts": 0,
                    "servp_info": null,
                    "tx_bytes": 0,
                    "tx_pkts": 0,
                    "up": true,
                    "vlan": null,
                    "wan_name": null,
                    "wan_type": null
                  },
                  "ge-0/0/43.0": {
                    "address_mode": null,
                    "ips": null,
                    "nat_addresses": null,
                    "network_name": null,
                    "port_id": "ge-0/0/43",
                    "port_usage": null,
                    "redundancy_state": null,
                    "rx_bytes": 0,
                    "rx_pkts": 0,
                    "servp_info": null,
                    "tx_bytes": 0,
                    "tx_pkts": 0,
                    "up": true,
                    "vlan": null,
                    "wan_name": null,
                    "wan_type": null
                  },
                  "ge-0/0/44.0": {
                    "address_mode": null,
                    "ips": null,
                    "nat_addresses": null,
                    "network_name": null,
                    "port_id": "ge-0/0/44",
                    "port_usage": null,
                    "redundancy_state": null,
                    "rx_bytes": 0,
                    "rx_pkts": 0,
                    "servp_info": null,
                    "tx_bytes": 0,
                    "tx_pkts": 0,
                    "up": true,
                    "vlan": null,
                    "wan_name": null,
                    "wan_type": null
                  },
                  "ge-0/0/45.0": {
                    "address_mode": null,
                    "ips": null,
                    "nat_addresses": null,
                    "network_name": null,
                    "port_id": "ge-0/0/45",
                    "port_usage": null,
                    "redundancy_state": null,
                    "rx_bytes": 0,
                    "rx_pkts": 0,
                    "servp_info": null,
                    "tx_bytes": 0,
                    "tx_pkts": 0,
                    "up": true,
                    "vlan": null,
                    "wan_name": null,
                    "wan_type": null
                  },
                  "ge-0/0/46.0": {
                    "address_mode": null,
                    "ips": null,
                    "nat_addresses": null,
                    "network_name": null,
                    "port_id": "ge-0/0/46",
                    "port_usage": null,
                    "redundancy_state": null,
                    "rx_bytes": 0,
                    "rx_pkts": 10760,
                    "servp_info": null,
                    "tx_bytes": 0,
                    "tx_pkts": 66186,
                    "up": true,
                    "vlan": null,
                    "wan_name": null,
                    "wan_type": null
                  },
                  "ge-0/0/47.0": {
                    "address_mode": null,
                    "ips": null,
                    "nat_addresses": null,
                    "network_name": null,
                    "port_id": "ge-0/0/47",
                    "port_usage": null,
                    "redundancy_state": null,
                    "rx_bytes": 0,
                    "rx_pkts": 10754,
                    "servp_info": null,
                    "tx_bytes": 0,
                    "tx_pkts": 10751,
                    "up": true,
                    "vlan": null,
                    "wan_name": null,
                    "wan_type": null
                  },
                  "ge-0/0/5.0": {
                    "address_mode": null,
                    "ips": null,
                    "nat_addresses": null,
                    "network_name": null,
                    "port_id": "ge-0/0/5",
                    "port_usage": null,
                    "redundancy_state": null,
                    "rx_bytes": 0,
                    "rx_pkts": 0,
                    "servp_info": null,
                    "tx_bytes": 0,
                    "tx_pkts": 0,
                    "up": true,
                    "vlan": null,
                    "wan_name": null,
                    "wan_type": null
                  },
                  "ge-0/0/6.0": {
                    "address_mode": null,
                    "ips": null,
                    "nat_addresses": null,
                    "network_name": null,
                    "port_id": "ge-0/0/6",
                    "port_usage": null,
                    "redundancy_state": null,
                    "rx_bytes": 0,
                    "rx_pkts": 0,
                    "servp_info": null,
                    "tx_bytes": 0,
                    "tx_pkts": 0,
                    "up": true,
                    "vlan": null,
                    "wan_name": null,
                    "wan_type": null
                  },
                  "ge-0/0/7.0": {
                    "address_mode": null,
                    "ips": null,
                    "nat_addresses": null,
                    "network_name": null,
                    "port_id": "ge-0/0/7",
                    "port_usage": null,
                    "redundancy_state": null,
                    "rx_bytes": 0,
                    "rx_pkts": 0,
                    "servp_info": null,
                    "tx_bytes": 0,
                    "tx_pkts": 0,
                    "up": true,
                    "vlan": null,
                    "wan_name": null,
                    "wan_type": null
                  },
                  "ge-0/0/8.0": {
                    "address_mode": null,
                    "ips": null,
                    "nat_addresses": null,
                    "network_name": null,
                    "port_id": "ge-0/0/8",
                    "port_usage": null,
                    "redundancy_state": null,
                    "rx_bytes": 0,
                    "rx_pkts": 0,
                    "servp_info": null,
                    "tx_bytes": 0,
                    "tx_pkts": 0,
                    "up": true,
                    "vlan": null,
                    "wan_name": null,
                    "wan_type": null
                  },
                  "ge-0/0/9.0": {
                    "address_mode": null,
                    "ips": null,
                    "nat_addresses": null,
                    "network_name": null,
                    "port_id": "ge-0/0/9",
                    "port_usage": null,
                    "redundancy_state": null,
                    "rx_bytes": 0,
                    "rx_pkts": 0,
                    "servp_info": null,
                    "tx_bytes": 0,
                    "tx_pkts": 0,
                    "up": true,
                    "vlan": null,
                    "wan_name": null,
                    "wan_type": null
                  },
                  "irb.0": {
                    "address_mode": null,
                    "ips": [
                      "10.10.10.63/24"
                    ],
                    "nat_addresses": null,
                    "network_name": null,
                    "port_id": "irb",
                    "port_usage": null,
                    "redundancy_state": null,
                    "rx_bytes": 0,
                    "rx_pkts": 148942,
                    "servp_info": {
                      "asn": null,
                      "city": null,
                      "country_code": null,
                      "latitude": null,
                      "longitude": null,
                      "org": null,
                      "region_code": null
                    },
                    "tx_bytes": 0,
                    "tx_pkts": 62064,
                    "up": true,
                    "vlan": 1,
                    "wan_name": null,
                    "wan_type": null
                  },
                  "lo0.16384": {
                    "address_mode": null,
                    "ips": [
                      "127.0.0.1/0"
                    ],
                    "nat_addresses": null,
                    "network_name": null,
                    "port_id": "lo0",
                    "port_usage": null,
                    "redundancy_state": null,
                    "rx_bytes": 0,
                    "rx_pkts": 0,
                    "servp_info": {
                      "asn": null,
                      "city": null,
                      "country_code": null,
                      "latitude": null,
                      "longitude": null,
                      "org": null,
                      "region_code": null
                    },
                    "tx_bytes": 0,
                    "tx_pkts": 0,
                    "up": true,
                    "vlan": null,
                    "wan_name": null,
                    "wan_type": null
                  },
                  "lo0.16385": {
                    "address_mode": null,
                    "ips": null,
                    "nat_addresses": null,
                    "network_name": null,
                    "port_id": "lo0",
                    "port_usage": null,
                    "redundancy_state": null,
                    "rx_bytes": 0,
                    "rx_pkts": 29225506,
                    "servp_info": null,
                    "tx_bytes": 0,
                    "tx_pkts": 29225458,
                    "up": true,
                    "vlan": null,
                    "wan_name": null,
                    "wan_type": null
                  },
                  "me0.0": {
                    "address_mode": null,
                    "ips": null,
                    "nat_addresses": null,
                    "network_name": null,
                    "port_id": "me0",
                    "port_usage": null,
                    "redundancy_state": null,
                    "rx_bytes": 0,
                    "rx_pkts": 0,
                    "servp_info": null,
                    "tx_bytes": 0,
                    "tx_pkts": 0,
                    "up": true,
                    "vlan": null,
                    "wan_name": null,
                    "wan_type": null
                  },
                  "vme.0": {
                    "address_mode": null,
                    "ips": null,
                    "nat_addresses": null,
                    "network_name": null,
                    "port_id": "vme",
                    "port_usage": null,
                    "redundancy_state": null,
                    "rx_bytes": 0,
                    "rx_pkts": 0,
                    "servp_info": null,
                    "tx_bytes": 0,
                    "tx_pkts": 0,
                    "up": true,
                    "vlan": null,
                    "wan_name": null,
                    "wan_type": null
                  }
                },
                "ip": "127.0.0.1",
                "ip_stat": {
                  "dhcp_server": null,
                  "dns": null,
                  "dns_suffix": null,
                  "gateway": "10.10.10.1",
                  "gateway6": null,
                  "ip": "10.10.10.63",
                  "ip6": null,
                  "ips": {
                    "vlan1": "10.10.10.63,127.0.0.1"
                  },
                  "netmask": "255.255.255.255",
                  "netmask6": null
                },
                "last_seen": 1720867899,
                "last_trouble": {
                  "code": "104",
                  "timestamp": 1720569706947
                },
                "mac": "c0bfa70222a0",
                "mac_table_stats": {
                  "mac_table_count": 3,
                  "max_mac_entries_supported": 112000
                },
                "map_id": null,
                "memory_stat": {
                  "usage": 18
                },
                "model": "EX4400-48P",
                "modified_time": 1720570694,
                "module_stat": [
                  {
                    "backup_version": "23.2R1.13",
                    "bios_version": "CDEN_P_EX0_00.12.01.01",
                    "cpld_version": "",
                    "errors": null,
                    "fans": [
                      {
                        "airflow": "out",
                        "name": "FPC 0 Fan Tray 0 Fan 0",
                        "status": "ok"
                      },
                      {
                        "airflow": "out",
                        "name": "FPC 0 Fan Tray 0 Fan 1",
                        "status": "ok"
                      },
                      {
                        "airflow": "out",
                        "name": "FPC 0 Fan Tray 1 Fan 0",
                        "status": "ok"
                      },
                      {
                        "airflow": "out",
                        "name": "FPC 0 Fan Tray 1 Fan 1",
                        "status": "ok"
                      }
                    ],
                    "fpc_idx": 0,
                    "fpga_version": "",
                    "last_seen": null,
                    "model": "EX4400-48P",
                    "optics_cpld_version": "",
                    "pending_version": "",
                    "pics": [
                      {
                        "index": 1,
                        "model_number": "EX4400-48P-S",
                        "port_groups": [
                          {
                            "count": 2,
                            "type": "QSFP28"
                          }
                        ]
                      }
                    ],
                    "poe": {
                      "max_power": 773,
                      "power_draw": 5
                    },
                    "poe_version": "",
                    "power_cpld_version": "",
                    "psus": [
                      {
                        "name": "Power Supply 0",
                        "status": "ok"
                      },
                      {
                        "name": "Power Supply 1",
                        "status": "absent"
                      }
                    ],
                    "re_fpga_version": "",
                    "recovery_version": "",
                    "serial": "ZD4320450054",
                    "status": null,
                    "temperatures": [
                      {
                        "celsius": 33,
                        "name": "Main Board Sensor 1",
                        "status": "ok"
                      },
                      {
                        "celsius": 29,
                        "name": "Main Board Sensor 2",
                        "status": "ok"
                      },
                      {
                        "celsius": 26,
                        "name": "Main Board Sensor 3",
                        "status": "ok"
                      },
                      {
                        "celsius": 23,
                        "name": "Main Board Sensor 4",
                        "status": "ok"
                      },
                      {
                        "celsius": 21,
                        "name": "Main Board Sensor 5",
                        "status": "ok"
                      },
                      {
                        "celsius": 23,
                        "name": "Main Board Sensor 6",
                        "status": "ok"
                      },
                      {
                        "celsius": 40,
                        "name": "PFE Die Sensor",
                        "status": "ok"
                      },
                      {
                        "celsius": 32,
                        "name": "CPU Die Sensor",
                        "status": "ok"
                      }
                    ],
                    "tmc_fpga_version": "",
                    "uboot_version": "",
                    "uptime": 299280,
                    "vc_links": [],
                    "vc_mode": "HiGiG",
                    "vc_role": "master",
                    "vc_state": "present",
                    "version": "22.4R3.25"
                  }
                ],
                "name": "ACCESS1",
                "org_id": "9777c1a0-6ef6-11e6-8bbf-02e208b2d34f",
                "route_summary_stats": {
                  "fib_routes": 4,
                  "max_unicast_routes_supported": 81000,
                  "rib_routes": 17,
                  "total_routes": 3
                },
                "serial": "ZD4320450054",
                "service_stat": {},
                "site_id": "abe3b357-fd9d-4af3-b76b-5ab740942289",
                "status": "connected",
                "uptime": 299261,
                "vc_mac": null,
                "vc_setup_info": {
                  "config_type": "nonprovisioned",
                  "err_missing_dev_id_fpc": false
                },
                "version": "22.4R3.25"
              },
              {
                "ap_redundancy": null,
                "arp_table_stats": {
                  "arp_table_count": 2,
                  "max_entries_supported": 32000
                },
                "cert_expiry": null,
                "clients": [
                  {
                    "device_mac": "60c78d93988f",
                    "hostname": null,
                    "mac": "d0dd4985cb3c",
                    "port_id": "ge-0/0/47"
                  }
                ],
                "clients_stats": {
                  "total": {
                    "num_aps": [
                      0
                    ],
                    "num_wired_clients": 1
                  }
                },
                "config_status": "NO_CHANGE",
                "cpu_stat": {
                  "idle": 80,
                  "interrupt": 0,
                  "load_avg": [
                    0.69,
                    0.61,
                    0.57
                  ],
                  "system": 6,
                  "user": 13
                },
                "created_time": 1696265521,
                "deviceprofile_id": null,
                "dhcpd_stat": {},
                "evpntopo_id": null,
                "fw_versions_outofsync": false,
                "fwupdate": {
                  "progress": 100,
                  "status": "success",
                  "status_id": 3037,
                  "timestamp": 1716248243.4970858,
                  "will_retry": false
                },
                "has_pcap": false,
                "hostname": "ld-cup-idf-d",
                "hw_rev": "A",
                "id": "00000000-0000-0000-1000-60c78d93988f",
                "if_stat": {
                  "ge-0/0/16.0": {
                    "address_mode": null,
                    "ips": null,
                    "nat_addresses": null,
                    "network_name": null,
                    "port_id": "ge-0/0/16",
                    "port_usage": null,
                    "redundancy_state": null,
                    "rx_bytes": 0,
                    "rx_pkts": 0,
                    "servp_info": null,
                    "tx_bytes": 0,
                    "tx_pkts": 0,
                    "up": false,
                    "vlan": null,
                    "wan_name": null,
                    "wan_type": null
                  },
                  "ge-0/0/17.0": {
                    "address_mode": null,
                    "ips": null,
                    "nat_addresses": null,
                    "network_name": null,
                    "port_id": "ge-0/0/17",
                    "port_usage": null,
                    "redundancy_state": null,
                    "rx_bytes": 0,
                    "rx_pkts": 0,
                    "servp_info": null,
                    "tx_bytes": 0,
                    "tx_pkts": 0,
                    "up": false,
                    "vlan": null,
                    "wan_name": null,
                    "wan_type": null
                  },
                  "ge-0/0/18.0": {
                    "address_mode": null,
                    "ips": null,
                    "nat_addresses": null,
                    "network_name": null,
                    "port_id": "ge-0/0/18",
                    "port_usage": null,
                    "redundancy_state": null,
                    "rx_bytes": 0,
                    "rx_pkts": 0,
                    "servp_info": null,
                    "tx_bytes": 0,
                    "tx_pkts": 0,
                    "up": false,
                    "vlan": null,
                    "wan_name": null,
                    "wan_type": null
                  },
                  "ge-0/0/19.0": {
                    "address_mode": null,
                    "ips": null,
                    "nat_addresses": null,
                    "network_name": null,
                    "port_id": "ge-0/0/19",
                    "port_usage": null,
                    "redundancy_state": null,
                    "rx_bytes": 0,
                    "rx_pkts": 0,
                    "servp_info": null,
                    "tx_bytes": 0,
                    "tx_pkts": 0,
                    "up": false,
                    "vlan": null,
                    "wan_name": null,
                    "wan_type": null
                  },
                  "ge-0/0/20.0": {
                    "address_mode": null,
                    "ips": null,
                    "nat_addresses": null,
                    "network_name": null,
                    "port_id": "ge-0/0/20",
                    "port_usage": null,
                    "redundancy_state": null,
                    "rx_bytes": 0,
                    "rx_pkts": 0,
                    "servp_info": null,
                    "tx_bytes": 0,
                    "tx_pkts": 0,
                    "up": false,
                    "vlan": null,
                    "wan_name": null,
                    "wan_type": null
                  },
                  "ge-0/0/21.0": {
                    "address_mode": null,
                    "ips": null,
                    "nat_addresses": null,
                    "network_name": null,
                    "port_id": "ge-0/0/21",
                    "port_usage": null,
                    "redundancy_state": null,
                    "rx_bytes": 0,
                    "rx_pkts": 0,
                    "servp_info": null,
                    "tx_bytes": 0,
                    "tx_pkts": 0,
                    "up": false,
                    "vlan": null,
                    "wan_name": null,
                    "wan_type": null
                  },
                  "ge-0/0/22.0": {
                    "address_mode": null,
                    "ips": null,
                    "nat_addresses": null,
                    "network_name": null,
                    "port_id": "ge-0/0/22",
                    "port_usage": null,
                    "redundancy_state": null,
                    "rx_bytes": 0,
                    "rx_pkts": 0,
                    "servp_info": null,
                    "tx_bytes": 0,
                    "tx_pkts": 0,
                    "up": false,
                    "vlan": null,
                    "wan_name": null,
                    "wan_type": null
                  },
                  "ge-0/0/23.0": {
                    "address_mode": null,
                    "ips": null,
                    "nat_addresses": null,
                    "network_name": null,
                    "port_id": "ge-0/0/23",
                    "port_usage": null,
                    "redundancy_state": null,
                    "rx_bytes": 0,
                    "rx_pkts": 0,
                    "servp_info": null,
                    "tx_bytes": 0,
                    "tx_pkts": 0,
                    "up": false,
                    "vlan": null,
                    "wan_name": null,
                    "wan_type": null
                  },
                  "ge-0/0/24.0": {
                    "address_mode": null,
                    "ips": null,
                    "nat_addresses": null,
                    "network_name": null,
                    "port_id": "ge-0/0/24",
                    "port_usage": null,
                    "redundancy_state": null,
                    "rx_bytes": 0,
                    "rx_pkts": 0,
                    "servp_info": null,
                    "tx_bytes": 0,
                    "tx_pkts": 0,
                    "up": false,
                    "vlan": null,
                    "wan_name": null,
                    "wan_type": null
                  },
                  "ge-0/0/25.0": {
                    "address_mode": null,
                    "ips": null,
                    "nat_addresses": null,
                    "network_name": null,
                    "port_id": "ge-0/0/25",
                    "port_usage": null,
                    "redundancy_state": null,
                    "rx_bytes": 0,
                    "rx_pkts": 0,
                    "servp_info": null,
                    "tx_bytes": 0,
                    "tx_pkts": 0,
                    "up": false,
                    "vlan": null,
                    "wan_name": null,
                    "wan_type": null
                  },
                  "ge-0/0/26.0": {
                    "address_mode": null,
                    "ips": null,
                    "nat_addresses": null,
                    "network_name": null,
                    "port_id": "ge-0/0/26",
                    "port_usage": null,
                    "redundancy_state": null,
                    "rx_bytes": 0,
                    "rx_pkts": 0,
                    "servp_info": null,
                    "tx_bytes": 0,
                    "tx_pkts": 0,
                    "up": false,
                    "vlan": null,
                    "wan_name": null,
                    "wan_type": null
                  },
                  "ge-0/0/27.0": {
                    "address_mode": null,
                    "ips": null,
                    "nat_addresses": null,
                    "network_name": null,
                    "port_id": "ge-0/0/27",
                    "port_usage": null,
                    "redundancy_state": null,
                    "rx_bytes": 0,
                    "rx_pkts": 0,
                    "servp_info": null,
                    "tx_bytes": 0,
                    "tx_pkts": 0,
                    "up": false,
                    "vlan": null,
                    "wan_name": null,
                    "wan_type": null
                  },
                  "ge-0/0/28.0": {
                    "address_mode": null,
                    "ips": null,
                    "nat_addresses": null,
                    "network_name": null,
                    "port_id": "ge-0/0/28",
                    "port_usage": null,
                    "redundancy_state": null,
                    "rx_bytes": 0,
                    "rx_pkts": 0,
                    "servp_info": null,
                    "tx_bytes": 0,
                    "tx_pkts": 0,
                    "up": false,
                    "vlan": null,
                    "wan_name": null,
                    "wan_type": null
                  },
                  "ge-0/0/29.0": {
                    "address_mode": null,
                    "ips": null,
                    "nat_addresses": null,
                    "network_name": null,
                    "port_id": "ge-0/0/29",
                    "port_usage": null,
                    "redundancy_state": null,
                    "rx_bytes": 0,
                    "rx_pkts": 0,
                    "servp_info": null,
                    "tx_bytes": 0,
                    "tx_pkts": 0,
                    "up": false,
                    "vlan": null,
                    "wan_name": null,
                    "wan_type": null
                  },
                  "ge-0/0/30.0": {
                    "address_mode": null,
                    "ips": null,
                    "nat_addresses": null,
                    "network_name": null,
                    "port_id": "ge-0/0/30",
                    "port_usage": null,
                    "redundancy_state": null,
                    "rx_bytes": 0,
                    "rx_pkts": 0,
                    "servp_info": null,
                    "tx_bytes": 0,
                    "tx_pkts": 0,
                    "up": false,
                    "vlan": null,
                    "wan_name": null,
                    "wan_type": null
                  },
                  "ge-0/0/31.0": {
                    "address_mode": null,
                    "ips": null,
                    "nat_addresses": null,
                    "network_name": null,
                    "port_id": "ge-0/0/31",
                    "port_usage": null,
                    "redundancy_state": null,
                    "rx_bytes": 0,
                    "rx_pkts": 0,
                    "servp_info": null,
                    "tx_bytes": 0,
                    "tx_pkts": 0,
                    "up": false,
                    "vlan": null,
                    "wan_name": null,
                    "wan_type": null
                  },
                  "ge-0/0/32.0": {
                    "address_mode": null,
                    "ips": null,
                    "nat_addresses": null,
                    "network_name": null,
                    "port_id": "ge-0/0/32",
                    "port_usage": null,
                    "redundancy_state": null,
                    "rx_bytes": 0,
                    "rx_pkts": 0,
                    "servp_info": null,
                    "tx_bytes": 0,
                    "tx_pkts": 0,
                    "up": false,
                    "vlan": null,
                    "wan_name": null,
                    "wan_type": null
                  },
                  "ge-0/0/33.0": {
                    "address_mode": null,
                    "ips": null,
                    "nat_addresses": null,
                    "network_name": null,
                    "port_id": "ge-0/0/33",
                    "port_usage": null,
                    "redundancy_state": null,
                    "rx_bytes": 0,
                    "rx_pkts": 0,
                    "servp_info": null,
                    "tx_bytes": 0,
                    "tx_pkts": 0,
                    "up": false,
                    "vlan": null,
                    "wan_name": null,
                    "wan_type": null
                  },
                  "ge-0/0/34.0": {
                    "address_mode": null,
                    "ips": null,
                    "nat_addresses": null,
                    "network_name": null,
                    "port_id": "ge-0/0/34",
                    "port_usage": null,
                    "redundancy_state": null,
                    "rx_bytes": 0,
                    "rx_pkts": 0,
                    "servp_info": null,
                    "tx_bytes": 0,
                    "tx_pkts": 0,
                    "up": false,
                    "vlan": null,
                    "wan_name": null,
                    "wan_type": null
                  },
                  "ge-0/0/35.0": {
                    "address_mode": null,
                    "ips": null,
                    "nat_addresses": null,
                    "network_name": null,
                    "port_id": "ge-0/0/35",
                    "port_usage": null,
                    "redundancy_state": null,
                    "rx_bytes": 0,
                    "rx_pkts": 0,
                    "servp_info": null,
                    "tx_bytes": 0,
                    "tx_pkts": 0,
                    "up": false,
                    "vlan": null,
                    "wan_name": null,
                    "wan_type": null
                  },
                  "ge-0/0/36.0": {
                    "address_mode": null,
                    "ips": null,
                    "nat_addresses": null,
                    "network_name": null,
                    "port_id": "ge-0/0/36",
                    "port_usage": null,
                    "redundancy_state": null,
                    "rx_bytes": 0,
                    "rx_pkts": 0,
                    "servp_info": null,
                    "tx_bytes": 0,
                    "tx_pkts": 0,
                    "up": false,
                    "vlan": null,
                    "wan_name": null,
                    "wan_type": null
                  },
                  "ge-0/0/37.0": {
                    "address_mode": null,
                    "ips": null,
                    "nat_addresses": null,
                    "network_name": null,
                    "port_id": "ge-0/0/37",
                    "port_usage": null,
                    "redundancy_state": null,
                    "rx_bytes": 0,
                    "rx_pkts": 0,
                    "servp_info": null,
                    "tx_bytes": 0,
                    "tx_pkts": 0,
                    "up": false,
                    "vlan": null,
                    "wan_name": null,
                    "wan_type": null
                  },
                  "ge-0/0/38.0": {
                    "address_mode": null,
                    "ips": null,
                    "nat_addresses": null,
                    "network_name": null,
                    "port_id": "ge-0/0/38",
                    "port_usage": null,
                    "redundancy_state": null,
                    "rx_bytes": 0,
                    "rx_pkts": 0,
                    "servp_info": null,
                    "tx_bytes": 0,
                    "tx_pkts": 0,
                    "up": false,
                    "vlan": null,
                    "wan_name": null,
                    "wan_type": null
                  },
                  "ge-0/0/39.0": {
                    "address_mode": null,
                    "ips": null,
                    "nat_addresses": null,
                    "network_name": null,
                    "port_id": "ge-0/0/39",
                    "port_usage": null,
                    "redundancy_state": null,
                    "rx_bytes": 0,
                    "rx_pkts": 0,
                    "servp_info": null,
                    "tx_bytes": 0,
                    "tx_pkts": 0,
                    "up": false,
                    "vlan": null,
                    "wan_name": null,
                    "wan_type": null
                  },
                  "ge-0/0/40.0": {
                    "address_mode": null,
                    "ips": null,
                    "nat_addresses": null,
                    "network_name": null,
                    "port_id": "ge-0/0/40",
                    "port_usage": null,
                    "redundancy_state": null,
                    "rx_bytes": 0,
                    "rx_pkts": 0,
                    "servp_info": null,
                    "tx_bytes": 0,
                    "tx_pkts": 0,
                    "up": false,
                    "vlan": null,
                    "wan_name": null,
                    "wan_type": null
                  },
                  "ge-0/0/41.0": {
                    "address_mode": null,
                    "ips": null,
                    "nat_addresses": null,
                    "network_name": null,
                    "port_id": "ge-0/0/41",
                    "port_usage": null,
                    "redundancy_state": null,
                    "rx_bytes": 0,
                    "rx_pkts": 0,
                    "servp_info": null,
                    "tx_bytes": 0,
                    "tx_pkts": 0,
                    "up": false,
                    "vlan": null,
                    "wan_name": null,
                    "wan_type": null
                  },
                  "ge-0/0/42.0": {
                    "address_mode": null,
                    "ips": null,
                    "nat_addresses": null,
                    "network_name": null,
                    "port_id": "ge-0/0/42",
                    "port_usage": null,
                    "redundancy_state": null,
                    "rx_bytes": 0,
                    "rx_pkts": 0,
                    "servp_info": null,
                    "tx_bytes": 0,
                    "tx_pkts": 0,
                    "up": false,
                    "vlan": null,
                    "wan_name": null,
                    "wan_type": null
                  },
                  "ge-0/0/43.0": {
                    "address_mode": null,
                    "ips": null,
                    "nat_addresses": null,
                    "network_name": null,
                    "port_id": "ge-0/0/43",
                    "port_usage": null,
                    "redundancy_state": null,
                    "rx_bytes": 0,
                    "rx_pkts": 0,
                    "servp_info": null,
                    "tx_bytes": 0,
                    "tx_pkts": 0,
                    "up": false,
                    "vlan": null,
                    "wan_name": null,
                    "wan_type": null
                  },
                  "ge-0/0/44.0": {
                    "address_mode": null,
                    "ips": null,
                    "nat_addresses": null,
                    "network_name": null,
                    "port_id": "ge-0/0/44",
                    "port_usage": null,
                    "redundancy_state": null,
                    "rx_bytes": 0,
                    "rx_pkts": 0,
                    "servp_info": null,
                    "tx_bytes": 0,
                    "tx_pkts": 0,
                    "up": false,
                    "vlan": null,
                    "wan_name": null,
                    "wan_type": null
                  },
                  "ge-0/0/45.0": {
                    "address_mode": null,
                    "ips": null,
                    "nat_addresses": null,
                    "network_name": null,
                    "port_id": "ge-0/0/45",
                    "port_usage": null,
                    "redundancy_state": null,
                    "rx_bytes": 0,
                    "rx_pkts": 0,
                    "servp_info": null,
                    "tx_bytes": 0,
                    "tx_pkts": 0,
                    "up": false,
                    "vlan": null,
                    "wan_name": null,
                    "wan_type": null
                  },
                  "ge-0/0/46.0": {
                    "address_mode": null,
                    "ips": null,
                    "nat_addresses": null,
                    "network_name": null,
                    "port_id": "ge-0/0/46",
                    "port_usage": null,
                    "redundancy_state": null,
                    "rx_bytes": 0,
                    "rx_pkts": 0,
                    "servp_info": null,
                    "tx_bytes": 0,
                    "tx_pkts": 0,
                    "up": false,
                    "vlan": null,
                    "wan_name": null,
                    "wan_type": null
                  },
                  "ge-0/0/47.0": {
                    "address_mode": null,
                    "ips": null,
                    "nat_addresses": null,
                    "network_name": null,
                    "port_id": "ge-0/0/47",
                    "port_usage": null,
                    "redundancy_state": null,
                    "rx_bytes": 1542739623,
                    "rx_pkts": 13982918,
                    "servp_info": null,
                    "tx_bytes": 9961133962,
                    "tx_pkts": 13416331,
                    "up": true,
                    "vlan": null,
                    "wan_name": null,
                    "wan_type": null
                  },
                  "irb.0": {
                    "address_mode": null,
                    "ips": [
                      "192.168.2.159/24"
                    ],
                    "nat_addresses": null,
                    "network_name": null,
                    "port_id": "irb",
                    "port_usage": null,
                    "redundancy_state": null,
                    "rx_bytes": 2768846477,
                    "rx_pkts": 21394226,
                    "servp_info": {
                      "asn": null,
                      "city": null,
                      "country_code": null,
                      "latitude": null,
                      "longitude": null,
                      "org": null,
                      "region_code": null
                    },
                    "tx_bytes": 9874604858,
                    "tx_pkts": 13249920,
                    "up": true,
                    "vlan": 1,
                    "wan_name": null,
                    "wan_type": null
                  },
                  "irb.10": {
                    "address_mode": null,
                    "ips": [
                      "10.1.1.2/24"
                    ],
                    "nat_addresses": null,
                    "network_name": null,
                    "port_id": "irb",
                    "port_usage": null,
                    "redundancy_state": null,
                    "rx_bytes": 0,
                    "rx_pkts": 0,
                    "servp_info": {
                      "asn": null,
                      "city": null,
                      "country_code": null,
                      "latitude": null,
                      "longitude": null,
                      "org": null,
                      "region_code": null
                    },
                    "tx_bytes": 0,
                    "tx_pkts": 0,
                    "up": true,
                    "vlan": 10,
                    "wan_name": null,
                    "wan_type": null
                  },
                  "irb.2": {
                    "address_mode": null,
                    "ips": [
                      "10.1.1.1/24"
                    ],
                    "nat_addresses": null,
                    "network_name": null,
                    "port_id": "irb",
                    "port_usage": null,
                    "redundancy_state": null,
                    "rx_bytes": 0,
                    "rx_pkts": 0,
                    "servp_info": {
                      "asn": null,
                      "city": null,
                      "country_code": null,
                      "latitude": null,
                      "longitude": null,
                      "org": null,
                      "region_code": null
                    },
                    "tx_bytes": 0,
                    "tx_pkts": 0,
                    "up": true,
                    "vlan": 2,
                    "wan_name": null,
                    "wan_type": null
                  },
                  "irb.300": {
                    "address_mode": null,
                    "ips": [
                      "10.1.1.3/24"
                    ],
                    "nat_addresses": null,
                    "network_name": null,
                    "port_id": "irb",
                    "port_usage": null,
                    "redundancy_state": null,
                    "rx_bytes": 0,
                    "rx_pkts": 0,
                    "servp_info": {
                      "asn": null,
                      "city": null,
                      "country_code": null,
                      "latitude": null,
                      "longitude": null,
                      "org": null,
                      "region_code": null
                    },
                    "tx_bytes": 0,
                    "tx_pkts": 0,
                    "up": true,
                    "vlan": 300,
                    "wan_name": null,
                    "wan_type": null
                  },
                  "lo0.16385": {
                    "address_mode": null,
                    "ips": null,
                    "nat_addresses": null,
                    "network_name": null,
                    "port_id": "lo0",
                    "port_usage": null,
                    "redundancy_state": null,
                    "rx_bytes": 27319380479,
                    "rx_pkts": 199915866,
                    "servp_info": null,
                    "tx_bytes": 27319380479,
                    "tx_pkts": 199915866,
                    "up": true,
                    "vlan": null,
                    "wan_name": null,
                    "wan_type": null
                  },
                  "me0.0": {
                    "address_mode": null,
                    "ips": null,
                    "nat_addresses": null,
                    "network_name": null,
                    "port_id": "me0",
                    "port_usage": null,
                    "redundancy_state": null,
                    "rx_bytes": 0,
                    "rx_pkts": 0,
                    "servp_info": null,
                    "tx_bytes": 0,
                    "tx_pkts": 0,
                    "up": false,
                    "vlan": null,
                    "wan_name": null,
                    "wan_type": null
                  },
                  "vme.0": {
                    "address_mode": null,
                    "ips": null,
                    "nat_addresses": null,
                    "network_name": null,
                    "port_id": "vme",
                    "port_usage": null,
                    "redundancy_state": null,
                    "rx_bytes": 0,
                    "rx_pkts": 0,
                    "servp_info": null,
                    "tx_bytes": 0,
                    "tx_pkts": 0,
                    "up": false,
                    "vlan": null,
                    "wan_name": null,
                    "wan_type": null
                  }
                },
                "ip": "192.168.2.159",
                "ip_stat": {
                  "dhcp_server": null,
                  "dns": null,
                  "dns_suffix": null,
                  "gateway": "192.168.2.1",
                  "gateway6": null,
                  "ip": "192.168.2.159",
                  "ip6": null,
                  "ips": {
                    "vlan1": "192.168.2.159",
                    "vlan10": "10.1.1.2",
                    "vlan2": "10.1.1.1",
                    "vlan300": "10.1.1.3"
                  },
                  "netmask": "255.255.255.255",
                  "netmask6": null
                },
                "last_seen": 1720867915,
                "last_trouble": null,
                "mac": "60c78d93988f",
                "mac_table_stats": {
                  "mac_table_count": 35,
                  "max_mac_entries_supported": 64000
                },
                "map_id": null,
                "memory_stat": {
                  "usage": 15
                },
                "model": "EX4100-48MP",
                "modified_time": 1718866238,
                "module_stat": [
                  {
                    "backup_version": "22.3R1.12",
                    "bios_version": "",
                    "cpld_version": "1.4a",
                    "errors": null,
                    "fans": [
                      {
                        "airflow": "out",
                        "name": "Fan Tray 0 Fan 0",
                        "status": "ok"
                      },
                      {
                        "airflow": "out",
                        "name": "Fan Tray 1 Fan 0",
                        "status": "ok"
                      }
                    ],
                    "fpc_idx": 0,
                    "fpga_version": "",
                    "last_seen": null,
                    "model": "EX4100-48MP-CHAS",
                    "optics_cpld_version": "",
                    "pending_version": "",
                    "pics": [
                      {
                        "index": 0,
                        "model_number": "EX4100-48MP-CHAS",
                        "port_groups": [
                          {
                            "count": 16,
                            "type": "GE"
                          },
                          {
                            "count": 32,
                            "type": "GE"
                          }
                        ]
                      },
                      {
                        "index": 1,
                        "model_number": "EX4100-48MP-CHAS",
                        "port_groups": [
                          {
                            "count": 4,
                            "type": "SFP28"
                          }
                        ]
                      },
                      {
                        "index": 2,
                        "model_number": "EX4100-48MP-CHAS",
                        "port_groups": [
                          {
                            "count": 4,
                            "type": "SFP/SFP+"
                          }
                        ]
                      }
                    ],
                    "poe": {
                      "max_power": 740,
                      "power_draw": 0
                    },
                    "poe_version": "1.3.0.11.0",
                    "power_cpld_version": "",
                    "psus": [
                      {
                        "name": "Power Supply 0",
                        "status": "ok"
                      },
                      {
                        "name": "Power Supply 1",
                        "status": "absent"
                      }
                    ],
                    "re_fpga_version": "",
                    "recovery_version": "22.3R1.12",
                    "serial": "EY2523AN0476",
                    "status": null,
                    "temperatures": [
                      {
                        "celsius": 44,
                        "name": "Thermal board Sensor 1",
                        "status": "ok"
                      },
                      {
                        "celsius": 38,
                        "name": "Thermal board Sensor 2",
                        "status": "ok"
                      },
                      {
                        "celsius": 32,
                        "name": "Thermal board Sensor 3",
                        "status": "ok"
                      },
                      {
                        "celsius": 32,
                        "name": "Thermal board Sensor 4",
                        "status": "ok"
                      },
                      {
                        "celsius": 48,
                        "name": "PFE Die Sensor",
                        "status": "ok"
                      }
                    ],
                    "tmc_fpga_version": "",
                    "uboot_version": "1.6",
                    "uptime": 4619400,
                    "vc_links": [],
                    "vc_mode": "HiGiG",
                    "vc_role": "master",
                    "vc_state": "present",
                    "version": "22.3R3-S2.4"
                  }
                ],
                "name": "ld-cup-idf-d",
                "org_id": "9777c1a0-6ef6-11e6-8bbf-02e208b2d34f",
                "route_summary_stats": {
                  "fib_routes": 6,
                  "max_unicast_routes_supported": 32150,
                  "rib_routes": 18,
                  "total_routes": 9
                },
                "serial": "EY2523AN0476",
                "service_stat": {},
                "site_id": "978c48e6-6ef6-11e6-8bbf-02e208b2d34f",
                "status": "connected",
                "uptime": 4619398,
                "vc_mac": null,
                "vc_setup_info": {
                  "config_type": "nonprovisioned",
                  "err_missing_dev_id_fpc": false
                },
                "version": "22.3R3-S2.4"
              },
              {
                "ap_redundancy": null,
                "arp_table_stats": {
                  "arp_table_count": 3,
                  "max_entries_supported": 1500
                },
                "cert_expiry": 1738764256,
                "clients": [
                  {
                    "device_mac": "3c8c939474dc",
                    "hostname": null,
                    "mac": "b827ebff280b",
                    "port_id": "ge-0/0/6"
                  },
                  {
                    "device_mac": "3c8c939474dc",
                    "hostname": null,
                    "mac": "accc8ee1add4",
                    "port_id": "ge-0/0/4"
                  },
                  {
                    "device_mac": "3c8c939474dc",
                    "hostname": null,
                    "mac": "5c5b351ebf9f",
                    "port_id": "ge-0/0/7"
                  },
                  {
                    "device_mac": "3c8c939474dc",
                    "hostname": null,
                    "mac": "3c8c939474dc",
                    "port_id": "ge-0/0/11,me0"
                  },
                  {
                    "device_mac": "3c8c939474dc",
                    "hostname": null,
                    "mac": "a860b62d4669",
                    "port_id": "ge-0/0/3"
                  },
                  {
                    "device_mac": "3c8c939474dc",
                    "hostname": null,
                    "mac": "d0dd4985cb3c",
                    "port_id": "ge-0/0/11,me0"
                  }
                ],
                "clients_stats": {
                  "total": {
                    "num_aps": [
                      1
                    ],
                    "num_wired_clients": 6
                  }
                },
                "config_status": "NO_CHANGE",
                "cpu_stat": {
                  "idle": 44,
                  "interrupt": 1,
                  "load_avg": [
                    0.89,
                    0.87,
                    0.88
                  ],
                  "system": 23,
                  "user": 32
                },
                "created_time": 1654213643,
                "deviceprofile_id": null,
                "dhcpd_stat": {},
                "evpntopo_id": null,
                "fw_versions_outofsync": false,
                "fwupdate": {
                  "progress": 100,
                  "status": "success",
                  "status_id": 3037,
                  "timestamp": 1696468866.704869,
                  "will_retry": false
                },
                "has_pcap": false,
                "hostname": "ld-cup-idf-d-desktop",
                "hw_rev": "",
                "id": "00000000-0000-0000-1000-3c8c939474dc",
                "if_stat": {
                  "ge-0/0/0.0": {
                    "address_mode": null,
                    "ips": null,
                    "nat_addresses": null,
                    "network_name": null,
                    "port_id": "ge-0/0/0",
                    "port_usage": null,
                    "redundancy_state": null,
                    "rx_bytes": 0,
                    "rx_pkts": 0,
                    "servp_info": null,
                    "tx_bytes": 0,
                    "tx_pkts": 0,
                    "up": false,
                    "vlan": null,
                    "wan_name": null,
                    "wan_type": null
                  },
                  "ge-0/0/1.0": {
                    "address_mode": null,
                    "ips": null,
                    "nat_addresses": null,
                    "network_name": null,
                    "port_id": "ge-0/0/1",
                    "port_usage": null,
                    "redundancy_state": null,
                    "rx_bytes": 1355056,
                    "rx_pkts": 14413,
                    "servp_info": null,
                    "tx_bytes": 164063,
                    "tx_pkts": 359,
                    "up": false,
                    "vlan": null,
                    "wan_name": null,
                    "wan_type": null
                  },
                  "ge-0/0/10.0": {
                    "address_mode": null,
                    "ips": null,
                    "nat_addresses": null,
                    "network_name": null,
                    "port_id": "ge-0/0/10",
                    "port_usage": null,
                    "redundancy_state": null,
                    "rx_bytes": 0,
                    "rx_pkts": 0,
                    "servp_info": null,
                    "tx_bytes": 0,
                    "tx_pkts": 0,
                    "up": false,
                    "vlan": null,
                    "wan_name": null,
                    "wan_type": null
                  },
                  "ge-0/0/11.0": {
                    "address_mode": null,
                    "ips": null,
                    "nat_addresses": null,
                    "network_name": null,
                    "port_id": "ge-0/0/11",
                    "port_usage": null,
                    "redundancy_state": null,
                    "rx_bytes": 1486863958,
                    "rx_pkts": 18310248,
                    "servp_info": null,
                    "tx_bytes": 133122251,
                    "tx_pkts": 262245,
                    "up": true,
                    "vlan": null,
                    "wan_name": null,
                    "wan_type": null
                  },
                  "ge-0/0/2.0": {
                    "address_mode": null,
                    "ips": null,
                    "nat_addresses": null,
                    "network_name": null,
                    "port_id": "ge-0/0/2",
                    "port_usage": null,
                    "redundancy_state": null,
                    "rx_bytes": 894820,
                    "rx_pkts": 9710,
                    "servp_info": null,
                    "tx_bytes": 258593,
                    "tx_pkts": 566,
                    "up": false,
                    "vlan": null,
                    "wan_name": null,
                    "wan_type": null
                  },
                  "ge-0/0/3.0": {
                    "address_mode": null,
                    "ips": null,
                    "nat_addresses": null,
                    "network_name": null,
                    "port_id": "ge-0/0/3",
                    "port_usage": null,
                    "redundancy_state": null,
                    "rx_bytes": 704,
                    "rx_pkts": 11,
                    "servp_info": null,
                    "tx_bytes": 128170376,
                    "tx_pkts": 254307,
                    "up": true,
                    "vlan": null,
                    "wan_name": null,
                    "wan_type": null
                  },
                  "ge-0/0/4.0": {
                    "address_mode": null,
                    "ips": null,
                    "nat_addresses": null,
                    "network_name": null,
                    "port_id": "ge-0/0/4",
                    "port_usage": null,
                    "redundancy_state": null,
                    "rx_bytes": 35040066,
                    "rx_pkts": 235156,
                    "servp_info": null,
                    "tx_bytes": 128164762,
                    "tx_pkts": 254296,
                    "up": true,
                    "vlan": null,
                    "wan_name": null,
                    "wan_type": null
                  },
                  "ge-0/0/5.0": {
                    "address_mode": null,
                    "ips": null,
                    "nat_addresses": null,
                    "network_name": null,
                    "port_id": "ge-0/0/5",
                    "port_usage": null,
                    "redundancy_state": null,
                    "rx_bytes": 0,
                    "rx_pkts": 0,
                    "servp_info": null,
                    "tx_bytes": 0,
                    "tx_pkts": 0,
                    "up": false,
                    "vlan": null,
                    "wan_name": null,
                    "wan_type": null
                  },
                  "ge-0/0/6.0": {
                    "address_mode": null,
                    "ips": null,
                    "nat_addresses": null,
                    "network_name": null,
                    "port_id": "ge-0/0/6",
                    "port_usage": null,
                    "redundancy_state": null,
                    "rx_bytes": 1242142,
                    "rx_pkts": 19408,
                    "servp_info": null,
                    "tx_bytes": 116197254,
                    "tx_pkts": 254261,
                    "up": true,
                    "vlan": null,
                    "wan_name": null,
                    "wan_type": null
                  },
                  "ge-0/0/7.0": {
                    "address_mode": null,
                    "ips": null,
                    "nat_addresses": null,
                    "network_name": null,
                    "port_id": "ge-0/0/7",
                    "port_usage": null,
                    "redundancy_state": null,
                    "rx_bytes": 49081008,
                    "rx_pkts": 254305,
                    "servp_info": null,
                    "tx_bytes": 127294036,
                    "tx_pkts": 378809,
                    "up": true,
                    "vlan": null,
                    "wan_name": null,
                    "wan_type": null
                  },
                  "ge-0/0/8.0": {
                    "address_mode": null,
                    "ips": null,
                    "nat_addresses": null,
                    "network_name": null,
                    "port_id": "ge-0/0/8",
                    "port_usage": null,
                    "redundancy_state": null,
                    "rx_bytes": 0,
                    "rx_pkts": 0,
                    "servp_info": null,
                    "tx_bytes": 135266801,
                    "tx_pkts": 342282,
                    "up": true,
                    "vlan": null,
                    "wan_name": null,
                    "wan_type": null
                  },
                  "ge-0/0/9.0": {
                    "address_mode": null,
                    "ips": null,
                    "nat_addresses": null,
                    "network_name": null,
                    "port_id": "ge-0/0/9",
                    "port_usage": null,
                    "redundancy_state": null,
                    "rx_bytes": 0,
                    "rx_pkts": 0,
                    "servp_info": null,
                    "tx_bytes": 193888755,
                    "tx_pkts": 342561,
                    "up": true,
                    "vlan": null,
                    "wan_name": null,
                    "wan_type": null
                  },
                  "irb.0": {
                    "address_mode": null,
                    "ips": [
                      "192.168.2.165/24"
                    ],
                    "nat_addresses": null,
                    "network_name": null,
                    "port_id": "irb",
                    "port_usage": null,
                    "redundancy_state": null,
                    "rx_bytes": 946643319,
                    "rx_pkts": 2564544,
                    "servp_info": {
                      "asn": null,
                      "city": null,
                      "country_code": null,
                      "latitude": null,
                      "longitude": null,
                      "org": null,
                      "region_code": null
                    },
                    "tx_bytes": 391308,
                    "tx_pkts": 7971,
                    "up": true,
                    "vlan": 1,
                    "wan_name": null,
                    "wan_type": null
                  },
                  "lo0.0": {
                    "address_mode": null,
                    "ips": null,
                    "nat_addresses": null,
                    "network_name": null,
                    "port_id": "lo0",
                    "port_usage": null,
                    "redundancy_state": null,
                    "rx_bytes": 2990880,
                    "rx_pkts": 74772,
                    "servp_info": null,
                    "tx_bytes": 2990880,
                    "tx_pkts": 74772,
                    "up": true,
                    "vlan": null,
                    "wan_name": null,
                    "wan_type": null
                  },
                  "lo0.16385": {
                    "address_mode": null,
                    "ips": null,
                    "nat_addresses": null,
                    "network_name": null,
                    "port_id": "lo0",
                    "port_usage": null,
                    "redundancy_state": null,
                    "rx_bytes": 30615861297,
                    "rx_pkts": 277742444,
                    "servp_info": null,
                    "tx_bytes": 30615861297,
                    "tx_pkts": 277742444,
                    "up": true,
                    "vlan": null,
                    "wan_name": null,
                    "wan_type": null
                  },
                  "me0.0": {
                    "address_mode": null,
                    "ips": null,
                    "nat_addresses": null,
                    "network_name": null,
                    "port_id": "me0",
                    "port_usage": null,
                    "redundancy_state": null,
                    "rx_bytes": 6187759467,
                    "rx_pkts": 46244877,
                    "servp_info": null,
                    "tx_bytes": 11502627630,
                    "tx_pkts": 20459682,
                    "up": true,
                    "vlan": null,
                    "wan_name": null,
                    "wan_type": null
                  },
                  "vme.0": {
                    "address_mode": null,
                    "ips": [
                      "192.168.2.163/24"
                    ],
                    "nat_addresses": null,
                    "network_name": null,
                    "port_id": "vme",
                    "port_usage": null,
                    "redundancy_state": null,
                    "rx_bytes": 2384117984,
                    "rx_pkts": 20687791,
                    "servp_info": {
                      "asn": null,
                      "city": null,
                      "country_code": null,
                      "latitude": null,
                      "longitude": null,
                      "org": null,
                      "region_code": null
                    },
                    "tx_bytes": 11415836781,
                    "tx_pkts": 20124640,
                    "up": true,
                    "vlan": null,
                    "wan_name": null,
                    "wan_type": null
                  }
                },
                "ip": "192.168.2.163",
                "ip_stat": {
                  "dhcp_server": null,
                  "dns": null,
                  "dns_suffix": null,
                  "gateway": "192.168.2.1",
                  "gateway6": null,
                  "ip": "192.168.2.165",
                  "ip6": null,
                  "ips": {
                    "vlan1": "192.168.2.165,192.168.2.163"
                  },
                  "netmask": "255.255.255.255",
                  "netmask6": null
                },
                "last_seen": 1720867901,
                "last_trouble": {
                  "code": "104",
                  "timestamp": 1719540508396
                },
                "mac": "3c8c939474dc",
                "mac_table_stats": {
                  "mac_table_count": 38,
                  "max_mac_entries_supported": 16000
                },
                "map_id": null,
                "memory_stat": {
                  "usage": 37
                },
                "model": "EX2300-C-12P",
                "modified_time": 1717694534,
                "module_stat": [
                  {
                    "backup_version": "22.3R2-S1.7",
                    "bios_version": "",
                    "cpld_version": "6",
                    "errors": null,
                    "fans": [],
                    "fpc_idx": 0,
                    "fpga_version": "",
                    "last_seen": null,
                    "model": "EX2300-C-12P",
                    "optics_cpld_version": "",
                    "pending_version": "",
                    "pics": [
                      {
                        "index": 0,
                        "model_number": "EX2300-C-12P",
                        "port_groups": [
                          {
                            "count": 12,
                            "type": "GE"
                          }
                        ]
                      },
                      {
                        "index": 1,
                        "model_number": "EX2300-C-12P",
                        "port_groups": [
                          {
                            "count": 2,
                            "type": "SFP/SFP+"
                          }
                        ]
                      }
                    ],
                    "poe": {
                      "max_power": 124,
                      "power_draw": 26.6
                    },
                    "poe_version": "1.6.1.21.1 (type1)",
                    "power_cpld_version": "",
                    "psus": [
                      {
                        "name": "Power Supply 0",
                        "status": "ok"
                      }
                    ],
                    "re_fpga_version": "",
                    "recovery_version": "19.4R1.10",
                    "serial": "HV3619190181",
                    "status": null,
                    "temperatures": [
                      {
                        "celsius": 50,
                        "name": "CPU Sensor",
                        "status": "ok"
                      },
                      {
                        "celsius": 53,
                        "name": "PSU Sensor",
                        "status": "ok"
                      }
                    ],
                    "tmc_fpga_version": "",
                    "uboot_version": "U-Boot 2016.01-rc1 (Nov 11 2016 - 14:26:00 -0800)  1.3.2",
                    "uptime": 7057620,
                    "vc_links": [],
                    "vc_mode": "HiGiG",
                    "vc_role": "master",
                    "vc_state": "present",
                    "version": "22.4R3.25"
                  }
                ],
                "name": "ld-cup-idf-d-desktop",
                "org_id": "9777c1a0-6ef6-11e6-8bbf-02e208b2d34f",
                "route_summary_stats": {
                  "fib_routes": 2,
                  "max_unicast_routes_supported": 4096,
                  "rib_routes": 15,
                  "total_routes": 6
                },
                "serial": "HV3619190181",
                "service_stat": {},
                "site_id": "978c48e6-6ef6-11e6-8bbf-02e208b2d34f",
                "status": "connected",
                "uptime": 7057607,
                "vc_mac": null,
                "vc_setup_info": {
                  "config_type": "nonprovisioned",
                  "err_missing_dev_id_fpc": false
                },
                "version": "22.4R3.25"
              },
              {
                "ap_redundancy": null,
                "arp_table_stats": {
                  "arp_table_count": 3,
                  "max_entries_supported": 16000
                },
                "cert_expiry": null,
                "clients": [
                  {
                    "device_mac": "182ad34a5ea2",
                    "hostname": null,
                    "mac": "a4515e43e580",
                    "port_id": "me0"
                  }
                ],
                "clients_stats": {
                  "total": {
                    "num_aps": [
                      0
                    ],
                    "num_wired_clients": 1
                  }
                },
                "config_status": "COMMITED",
                "cpu_stat": {
                  "idle": 79,
                  "interrupt": 0,
                  "load_avg": [
                    0.99,
                    1.07,
                    0.74
                  ],
                  "system": 7,
                  "user": 14
                },
                "created_time": 1603412142,
                "deviceprofile_id": null,
                "dhcpd_stat": {},
                "evpntopo_id": null,
                "fw_versions_outofsync": false,
                "fwupdate": {
                  "progress": 100,
                  "status": "success",
                  "status_id": 3037,
                  "timestamp": 1709668846.5232744,
                  "will_retry": false
                },
                "has_pcap": false,
                "hostname": "ld-cup-idf-c2",
                "hw_rev": "",
                "id": "00000000-0000-0000-1000-182ad34a5ea2",
                "if_stat": {
                  "ge-0/0/0.0": {
                    "address_mode": null,
                    "ips": null,
                    "nat_addresses": null,
                    "network_name": null,
                    "port_id": "ge-0/0/0",
                    "port_usage": null,
                    "redundancy_state": null,
                    "rx_bytes": 0,
                    "rx_pkts": 0,
                    "servp_info": null,
                    "tx_bytes": 0,
                    "tx_pkts": 0,
                    "up": false,
                    "vlan": null,
                    "wan_name": null,
                    "wan_type": null
                  },
                  "ge-0/0/1.0": {
                    "address_mode": null,
                    "ips": null,
                    "nat_addresses": null,
                    "network_name": null,
                    "port_id": "ge-0/0/1",
                    "port_usage": null,
                    "redundancy_state": null,
                    "rx_bytes": 0,
                    "rx_pkts": 0,
                    "servp_info": null,
                    "tx_bytes": 0,
                    "tx_pkts": 0,
                    "up": false,
                    "vlan": null,
                    "wan_name": null,
                    "wan_type": null
                  },
                  "ge-0/0/10.0": {
                    "address_mode": null,
                    "ips": null,
                    "nat_addresses": null,
                    "network_name": null,
                    "port_id": "ge-0/0/10",
                    "port_usage": null,
                    "redundancy_state": null,
                    "rx_bytes": 0,
                    "rx_pkts": 0,
                    "servp_info": null,
                    "tx_bytes": 0,
                    "tx_pkts": 0,
                    "up": false,
                    "vlan": null,
                    "wan_name": null,
                    "wan_type": null
                  },
                  "ge-0/0/11.0": {
                    "address_mode": null,
                    "ips": null,
                    "nat_addresses": null,
                    "network_name": null,
                    "port_id": "ge-0/0/11",
                    "port_usage": null,
                    "redundancy_state": null,
                    "rx_bytes": 0,
                    "rx_pkts": 0,
                    "servp_info": null,
                    "tx_bytes": 0,
                    "tx_pkts": 0,
                    "up": false,
                    "vlan": null,
                    "wan_name": null,
                    "wan_type": null
                  },
                  "ge-0/0/12.0": {
                    "address_mode": null,
                    "ips": null,
                    "nat_addresses": null,
                    "network_name": null,
                    "port_id": "ge-0/0/12",
                    "port_usage": null,
                    "redundancy_state": null,
                    "rx_bytes": 0,
                    "rx_pkts": 0,
                    "servp_info": null,
                    "tx_bytes": 0,
                    "tx_pkts": 0,
                    "up": false,
                    "vlan": null,
                    "wan_name": null,
                    "wan_type": null
                  },
                  "ge-0/0/13.0": {
                    "address_mode": null,
                    "ips": null,
                    "nat_addresses": null,
                    "network_name": null,
                    "port_id": "ge-0/0/13",
                    "port_usage": null,
                    "redundancy_state": null,
                    "rx_bytes": 0,
                    "rx_pkts": 0,
                    "servp_info": null,
                    "tx_bytes": 0,
                    "tx_pkts": 0,
                    "up": false,
                    "vlan": null,
                    "wan_name": null,
                    "wan_type": null
                  },
                  "ge-0/0/14.0": {
                    "address_mode": null,
                    "ips": null,
                    "nat_addresses": null,
                    "network_name": null,
                    "port_id": "ge-0/0/14",
                    "port_usage": null,
                    "redundancy_state": null,
                    "rx_bytes": 0,
                    "rx_pkts": 0,
                    "servp_info": null,
                    "tx_bytes": 0,
                    "tx_pkts": 0,
                    "up": false,
                    "vlan": null,
                    "wan_name": null,
                    "wan_type": null
                  },
                  "ge-0/0/15.0": {
                    "address_mode": null,
                    "ips": null,
                    "nat_addresses": null,
                    "network_name": null,
                    "port_id": "ge-0/0/15",
                    "port_usage": null,
                    "redundancy_state": null,
                    "rx_bytes": 0,
                    "rx_pkts": 0,
                    "servp_info": null,
                    "tx_bytes": 0,
                    "tx_pkts": 0,
                    "up": false,
                    "vlan": null,
                    "wan_name": null,
                    "wan_type": null
                  },
                  "ge-0/0/16.0": {
                    "address_mode": null,
                    "ips": null,
                    "nat_addresses": null,
                    "network_name": null,
                    "port_id": "ge-0/0/16",
                    "port_usage": null,
                    "redundancy_state": null,
                    "rx_bytes": 0,
                    "rx_pkts": 0,
                    "servp_info": null,
                    "tx_bytes": 0,
                    "tx_pkts": 0,
                    "up": false,
                    "vlan": null,
                    "wan_name": null,
                    "wan_type": null
                  },
                  "ge-0/0/17.0": {
                    "address_mode": null,
                    "ips": null,
                    "nat_addresses": null,
                    "network_name": null,
                    "port_id": "ge-0/0/17",
                    "port_usage": null,
                    "redundancy_state": null,
                    "rx_bytes": 0,
                    "rx_pkts": 0,
                    "servp_info": null,
                    "tx_bytes": 0,
                    "tx_pkts": 0,
                    "up": false,
                    "vlan": null,
                    "wan_name": null,
                    "wan_type": null
                  },
                  "ge-0/0/18.0": {
                    "address_mode": null,
                    "ips": null,
                    "nat_addresses": null,
                    "network_name": null,
                    "port_id": "ge-0/0/18",
                    "port_usage": null,
                    "redundancy_state": null,
                    "rx_bytes": 0,
                    "rx_pkts": 0,
                    "servp_info": null,
                    "tx_bytes": 0,
                    "tx_pkts": 0,
                    "up": false,
                    "vlan": null,
                    "wan_name": null,
                    "wan_type": null
                  },
                  "ge-0/0/19.0": {
                    "address_mode": null,
                    "ips": null,
                    "nat_addresses": null,
                    "network_name": null,
                    "port_id": "ge-0/0/19",
                    "port_usage": null,
                    "redundancy_state": null,
                    "rx_bytes": 0,
                    "rx_pkts": 0,
                    "servp_info": null,
                    "tx_bytes": 0,
                    "tx_pkts": 0,
                    "up": false,
                    "vlan": null,
                    "wan_name": null,
                    "wan_type": null
                  },
                  "ge-0/0/2.0": {
                    "address_mode": null,
                    "ips": null,
                    "nat_addresses": null,
                    "network_name": null,
                    "port_id": "ge-0/0/2",
                    "port_usage": null,
                    "redundancy_state": null,
                    "rx_bytes": 0,
                    "rx_pkts": 0,
                    "servp_info": null,
                    "tx_bytes": 0,
                    "tx_pkts": 0,
                    "up": false,
                    "vlan": null,
                    "wan_name": null,
                    "wan_type": null
                  },
                  "ge-0/0/20.0": {
                    "address_mode": null,
                    "ips": null,
                    "nat_addresses": null,
                    "network_name": null,
                    "port_id": "ge-0/0/20",
                    "port_usage": null,
                    "redundancy_state": null,
                    "rx_bytes": 0,
                    "rx_pkts": 0,
                    "servp_info": null,
                    "tx_bytes": 0,
                    "tx_pkts": 0,
                    "up": false,
                    "vlan": null,
                    "wan_name": null,
                    "wan_type": null
                  },
                  "ge-0/0/21.0": {
                    "address_mode": null,
                    "ips": null,
                    "nat_addresses": null,
                    "network_name": null,
                    "port_id": "ge-0/0/21",
                    "port_usage": null,
                    "redundancy_state": null,
                    "rx_bytes": 0,
                    "rx_pkts": 0,
                    "servp_info": null,
                    "tx_bytes": 0,
                    "tx_pkts": 0,
                    "up": false,
                    "vlan": null,
                    "wan_name": null,
                    "wan_type": null
                  },
                  "ge-0/0/22.0": {
                    "address_mode": null,
                    "ips": null,
                    "nat_addresses": null,
                    "network_name": null,
                    "port_id": "ge-0/0/22",
                    "port_usage": null,
                    "redundancy_state": null,
                    "rx_bytes": 0,
                    "rx_pkts": 0,
                    "servp_info": null,
                    "tx_bytes": 0,
                    "tx_pkts": 0,
                    "up": false,
                    "vlan": null,
                    "wan_name": null,
                    "wan_type": null
                  },
                  "ge-0/0/23.0": {
                    "address_mode": null,
                    "ips": null,
                    "nat_addresses": null,
                    "network_name": null,
                    "port_id": "ge-0/0/23",
                    "port_usage": null,
                    "redundancy_state": null,
                    "rx_bytes": 0,
                    "rx_pkts": 0,
                    "servp_info": null,
                    "tx_bytes": 0,
                    "tx_pkts": 0,
                    "up": false,
                    "vlan": null,
                    "wan_name": null,
                    "wan_type": null
                  },
                  "ge-0/0/24.0": {
                    "address_mode": null,
                    "ips": null,
                    "nat_addresses": null,
                    "network_name": null,
                    "port_id": "ge-0/0/24",
                    "port_usage": null,
                    "redundancy_state": null,
                    "rx_bytes": 0,
                    "rx_pkts": 0,
                    "servp_info": null,
                    "tx_bytes": 0,
                    "tx_pkts": 0,
                    "up": false,
                    "vlan": null,
                    "wan_name": null,
                    "wan_type": null
                  },
                  "ge-0/0/25.0": {
                    "address_mode": null,
                    "ips": null,
                    "nat_addresses": null,
                    "network_name": null,
                    "port_id": "ge-0/0/25",
                    "port_usage": null,
                    "redundancy_state": null,
                    "rx_bytes": 0,
                    "rx_pkts": 0,
                    "servp_info": null,
                    "tx_bytes": 0,
                    "tx_pkts": 0,
                    "up": false,
                    "vlan": null,
                    "wan_name": null,
                    "wan_type": null
                  },
                  "ge-0/0/26.0": {
                    "address_mode": null,
                    "ips": null,
                    "nat_addresses": null,
                    "network_name": null,
                    "port_id": "ge-0/0/26",
                    "port_usage": null,
                    "redundancy_state": null,
                    "rx_bytes": 0,
                    "rx_pkts": 0,
                    "servp_info": null,
                    "tx_bytes": 0,
                    "tx_pkts": 0,
                    "up": false,
                    "vlan": null,
                    "wan_name": null,
                    "wan_type": null
                  },
                  "ge-0/0/27.0": {
                    "address_mode": null,
                    "ips": null,
                    "nat_addresses": null,
                    "network_name": null,
                    "port_id": "ge-0/0/27",
                    "port_usage": null,
                    "redundancy_state": null,
                    "rx_bytes": 0,
                    "rx_pkts": 0,
                    "servp_info": null,
                    "tx_bytes": 0,
                    "tx_pkts": 0,
                    "up": false,
                    "vlan": null,
                    "wan_name": null,
                    "wan_type": null
                  },
                  "ge-0/0/28.0": {
                    "address_mode": null,
                    "ips": null,
                    "nat_addresses": null,
                    "network_name": null,
                    "port_id": "ge-0/0/28",
                    "port_usage": null,
                    "redundancy_state": null,
                    "rx_bytes": 0,
                    "rx_pkts": 0,
                    "servp_info": null,
                    "tx_bytes": 0,
                    "tx_pkts": 0,
                    "up": false,
                    "vlan": null,
                    "wan_name": null,
                    "wan_type": null
                  },
                  "ge-0/0/29.0": {
                    "address_mode": null,
                    "ips": null,
                    "nat_addresses": null,
                    "network_name": null,
                    "port_id": "ge-0/0/29",
                    "port_usage": null,
                    "redundancy_state": null,
                    "rx_bytes": 0,
                    "rx_pkts": 0,
                    "servp_info": null,
                    "tx_bytes": 0,
                    "tx_pkts": 0,
                    "up": false,
                    "vlan": null,
                    "wan_name": null,
                    "wan_type": null
                  },
                  "ge-0/0/3.0": {
                    "address_mode": null,
                    "ips": null,
                    "nat_addresses": null,
                    "network_name": null,
                    "port_id": "ge-0/0/3",
                    "port_usage": null,
                    "redundancy_state": null,
                    "rx_bytes": 0,
                    "rx_pkts": 0,
                    "servp_info": null,
                    "tx_bytes": 0,
                    "tx_pkts": 0,
                    "up": false,
                    "vlan": null,
                    "wan_name": null,
                    "wan_type": null
                  },
                  "ge-0/0/30.0": {
                    "address_mode": null,
                    "ips": null,
                    "nat_addresses": null,
                    "network_name": null,
                    "port_id": "ge-0/0/30",
                    "port_usage": null,
                    "redundancy_state": null,
                    "rx_bytes": 0,
                    "rx_pkts": 0,
                    "servp_info": null,
                    "tx_bytes": 0,
                    "tx_pkts": 0,
                    "up": false,
                    "vlan": null,
                    "wan_name": null,
                    "wan_type": null
                  },
                  "ge-0/0/31.0": {
                    "address_mode": null,
                    "ips": null,
                    "nat_addresses": null,
                    "network_name": null,
                    "port_id": "ge-0/0/31",
                    "port_usage": null,
                    "redundancy_state": null,
                    "rx_bytes": 0,
                    "rx_pkts": 0,
                    "servp_info": null,
                    "tx_bytes": 0,
                    "tx_pkts": 0,
                    "up": false,
                    "vlan": null,
                    "wan_name": null,
                    "wan_type": null
                  },
                  "ge-0/0/32.0": {
                    "address_mode": null,
                    "ips": null,
                    "nat_addresses": null,
                    "network_name": null,
                    "port_id": "ge-0/0/32",
                    "port_usage": null,
                    "redundancy_state": null,
                    "rx_bytes": 0,
                    "rx_pkts": 0,
                    "servp_info": null,
                    "tx_bytes": 0,
                    "tx_pkts": 0,
                    "up": false,
                    "vlan": null,
                    "wan_name": null,
                    "wan_type": null
                  },
                  "ge-0/0/33.0": {
                    "address_mode": null,
                    "ips": null,
                    "nat_addresses": null,
                    "network_name": null,
                    "port_id": "ge-0/0/33",
                    "port_usage": null,
                    "redundancy_state": null,
                    "rx_bytes": 0,
                    "rx_pkts": 0,
                    "servp_info": null,
                    "tx_bytes": 0,
                    "tx_pkts": 0,
                    "up": false,
                    "vlan": null,
                    "wan_name": null,
                    "wan_type": null
                  },
                  "ge-0/0/34.0": {
                    "address_mode": null,
                    "ips": null,
                    "nat_addresses": null,
                    "network_name": null,
                    "port_id": "ge-0/0/34",
                    "port_usage": null,
                    "redundancy_state": null,
                    "rx_bytes": 0,
                    "rx_pkts": 0,
                    "servp_info": null,
                    "tx_bytes": 0,
                    "tx_pkts": 0,
                    "up": false,
                    "vlan": null,
                    "wan_name": null,
                    "wan_type": null
                  },
                  "ge-0/0/35.0": {
                    "address_mode": null,
                    "ips": null,
                    "nat_addresses": null,
                    "network_name": null,
                    "port_id": "ge-0/0/35",
                    "port_usage": null,
                    "redundancy_state": null,
                    "rx_bytes": 0,
                    "rx_pkts": 0,
                    "servp_info": null,
                    "tx_bytes": 0,
                    "tx_pkts": 0,
                    "up": false,
                    "vlan": null,
                    "wan_name": null,
                    "wan_type": null
                  },
                  "ge-0/0/36.0": {
                    "address_mode": null,
                    "ips": null,
                    "nat_addresses": null,
                    "network_name": null,
                    "port_id": "ge-0/0/36",
                    "port_usage": null,
                    "redundancy_state": null,
                    "rx_bytes": 0,
                    "rx_pkts": 0,
                    "servp_info": null,
                    "tx_bytes": 0,
                    "tx_pkts": 0,
                    "up": false,
                    "vlan": null,
                    "wan_name": null,
                    "wan_type": null
                  },
                  "ge-0/0/37.0": {
                    "address_mode": null,
                    "ips": null,
                    "nat_addresses": null,
                    "network_name": null,
                    "port_id": "ge-0/0/37",
                    "port_usage": null,
                    "redundancy_state": null,
                    "rx_bytes": 0,
                    "rx_pkts": 0,
                    "servp_info": null,
                    "tx_bytes": 0,
                    "tx_pkts": 0,
                    "up": false,
                    "vlan": null,
                    "wan_name": null,
                    "wan_type": null
                  },
                  "ge-0/0/38.0": {
                    "address_mode": null,
                    "ips": null,
                    "nat_addresses": null,
                    "network_name": null,
                    "port_id": "ge-0/0/38",
                    "port_usage": null,
                    "redundancy_state": null,
                    "rx_bytes": 0,
                    "rx_pkts": 0,
                    "servp_info": null,
                    "tx_bytes": 0,
                    "tx_pkts": 0,
                    "up": false,
                    "vlan": null,
                    "wan_name": null,
                    "wan_type": null
                  },
                  "ge-0/0/39.0": {
                    "address_mode": null,
                    "ips": null,
                    "nat_addresses": null,
                    "network_name": null,
                    "port_id": "ge-0/0/39",
                    "port_usage": null,
                    "redundancy_state": null,
                    "rx_bytes": 0,
                    "rx_pkts": 0,
                    "servp_info": null,
                    "tx_bytes": 0,
                    "tx_pkts": 0,
                    "up": false,
                    "vlan": null,
                    "wan_name": null,
                    "wan_type": null
                  },
                  "ge-0/0/4.0": {
                    "address_mode": null,
                    "ips": null,
                    "nat_addresses": null,
                    "network_name": null,
                    "port_id": "ge-0/0/4",
                    "port_usage": null,
                    "redundancy_state": null,
                    "rx_bytes": 0,
                    "rx_pkts": 0,
                    "servp_info": null,
                    "tx_bytes": 0,
                    "tx_pkts": 0,
                    "up": false,
                    "vlan": null,
                    "wan_name": null,
                    "wan_type": null
                  },
                  "ge-0/0/40.0": {
                    "address_mode": null,
                    "ips": null,
                    "nat_addresses": null,
                    "network_name": null,
                    "port_id": "ge-0/0/40",
                    "port_usage": null,
                    "redundancy_state": null,
                    "rx_bytes": 0,
                    "rx_pkts": 0,
                    "servp_info": null,
                    "tx_bytes": 0,
                    "tx_pkts": 0,
                    "up": false,
                    "vlan": null,
                    "wan_name": null,
                    "wan_type": null
                  },
                  "ge-0/0/41.0": {
                    "address_mode": null,
                    "ips": null,
                    "nat_addresses": null,
                    "network_name": null,
                    "port_id": "ge-0/0/41",
                    "port_usage": null,
                    "redundancy_state": null,
                    "rx_bytes": 0,
                    "rx_pkts": 0,
                    "servp_info": null,
                    "tx_bytes": 0,
                    "tx_pkts": 0,
                    "up": false,
                    "vlan": null,
                    "wan_name": null,
                    "wan_type": null
                  },
                  "ge-0/0/42.0": {
                    "address_mode": null,
                    "ips": null,
                    "nat_addresses": null,
                    "network_name": null,
                    "port_id": "ge-0/0/42",
                    "port_usage": null,
                    "redundancy_state": null,
                    "rx_bytes": 0,
                    "rx_pkts": 0,
                    "servp_info": null,
                    "tx_bytes": 0,
                    "tx_pkts": 0,
                    "up": false,
                    "vlan": null,
                    "wan_name": null,
                    "wan_type": null
                  },
                  "ge-0/0/43.0": {
                    "address_mode": null,
                    "ips": null,
                    "nat_addresses": null,
                    "network_name": null,
                    "port_id": "ge-0/0/43",
                    "port_usage": null,
                    "redundancy_state": null,
                    "rx_bytes": 0,
                    "rx_pkts": 0,
                    "servp_info": null,
                    "tx_bytes": 0,
                    "tx_pkts": 0,
                    "up": false,
                    "vlan": null,
                    "wan_name": null,
                    "wan_type": null
                  },
                  "ge-0/0/44.0": {
                    "address_mode": null,
                    "ips": null,
                    "nat_addresses": null,
                    "network_name": null,
                    "port_id": "ge-0/0/44",
                    "port_usage": null,
                    "redundancy_state": null,
                    "rx_bytes": 0,
                    "rx_pkts": 0,
                    "servp_info": null,
                    "tx_bytes": 0,
                    "tx_pkts": 0,
                    "up": false,
                    "vlan": null,
                    "wan_name": null,
                    "wan_type": null
                  },
                  "ge-0/0/45.0": {
                    "address_mode": null,
                    "ips": null,
                    "nat_addresses": null,
                    "network_name": null,
                    "port_id": "ge-0/0/45",
                    "port_usage": null,
                    "redundancy_state": null,
                    "rx_bytes": 0,
                    "rx_pkts": 0,
                    "servp_info": null,
                    "tx_bytes": 0,
                    "tx_pkts": 0,
                    "up": false,
                    "vlan": null,
                    "wan_name": null,
                    "wan_type": null
                  },
                  "ge-0/0/46.0": {
                    "address_mode": null,
                    "ips": null,
                    "nat_addresses": null,
                    "network_name": null,
                    "port_id": "ge-0/0/46",
                    "port_usage": null,
                    "redundancy_state": null,
                    "rx_bytes": 0,
                    "rx_pkts": 0,
                    "servp_info": null,
                    "tx_bytes": 0,
                    "tx_pkts": 0,
                    "up": false,
                    "vlan": null,
                    "wan_name": null,
                    "wan_type": null
                  },
                  "ge-0/0/47.0": {
                    "address_mode": null,
                    "ips": null,
                    "nat_addresses": null,
                    "network_name": null,
                    "port_id": "ge-0/0/47",
                    "port_usage": null,
                    "redundancy_state": null,
                    "rx_bytes": 410227649,
                    "rx_pkts": 4082440,
                    "servp_info": null,
                    "tx_bytes": 10101813565,
                    "tx_pkts": 9038445,
                    "up": false,
                    "vlan": null,
                    "wan_name": null,
                    "wan_type": null
                  },
                  "ge-0/0/5.0": {
                    "address_mode": null,
                    "ips": null,
                    "nat_addresses": null,
                    "network_name": null,
                    "port_id": "ge-0/0/5",
                    "port_usage": null,
                    "redundancy_state": null,
                    "rx_bytes": 0,
                    "rx_pkts": 0,
                    "servp_info": null,
                    "tx_bytes": 0,
                    "tx_pkts": 0,
                    "up": false,
                    "vlan": null,
                    "wan_name": null,
                    "wan_type": null
                  },
                  "ge-0/0/6.0": {
                    "address_mode": null,
                    "ips": null,
                    "nat_addresses": null,
                    "network_name": null,
                    "port_id": "ge-0/0/6",
                    "port_usage": null,
                    "redundancy_state": null,
                    "rx_bytes": 0,
                    "rx_pkts": 0,
                    "servp_info": null,
                    "tx_bytes": 0,
                    "tx_pkts": 0,
                    "up": false,
                    "vlan": null,
                    "wan_name": null,
                    "wan_type": null
                  },
                  "ge-0/0/7.0": {
                    "address_mode": null,
                    "ips": null,
                    "nat_addresses": null,
                    "network_name": null,
                    "port_id": "ge-0/0/7",
                    "port_usage": null,
                    "redundancy_state": null,
                    "rx_bytes": 0,
                    "rx_pkts": 0,
                    "servp_info": null,
                    "tx_bytes": 0,
                    "tx_pkts": 0,
                    "up": false,
                    "vlan": null,
                    "wan_name": null,
                    "wan_type": null
                  },
                  "ge-0/0/8.0": {
                    "address_mode": null,
                    "ips": null,
                    "nat_addresses": null,
                    "network_name": null,
                    "port_id": "ge-0/0/8",
                    "port_usage": null,
                    "redundancy_state": null,
                    "rx_bytes": 0,
                    "rx_pkts": 0,
                    "servp_info": null,
                    "tx_bytes": 0,
                    "tx_pkts": 0,
                    "up": false,
                    "vlan": null,
                    "wan_name": null,
                    "wan_type": null
                  },
                  "ge-0/0/9.0": {
                    "address_mode": null,
                    "ips": null,
                    "nat_addresses": null,
                    "network_name": null,
                    "port_id": "ge-0/0/9",
                    "port_usage": null,
                    "redundancy_state": null,
                    "rx_bytes": 0,
                    "rx_pkts": 0,
                    "servp_info": null,
                    "tx_bytes": 0,
                    "tx_pkts": 0,
                    "up": false,
                    "vlan": null,
                    "wan_name": null,
                    "wan_type": null
                  },
                  "irb.0": {
                    "address_mode": null,
                    "ips": null,
                    "nat_addresses": null,
                    "network_name": null,
                    "port_id": "irb",
                    "port_usage": null,
                    "redundancy_state": null,
                    "rx_bytes": 981167706,
                    "rx_pkts": 10930454,
                    "servp_info": null,
                    "tx_bytes": 10060229882,
                    "tx_pkts": 8945574,
                    "up": false,
                    "vlan": 1,
                    "wan_name": null,
                    "wan_type": null
                  },
                  "irb.10": {
                    "address_mode": null,
                    "ips": [
                      "20.1.1.3/24"
                    ],
                    "nat_addresses": null,
                    "network_name": null,
                    "port_id": "irb",
                    "port_usage": null,
                    "redundancy_state": null,
                    "rx_bytes": 0,
                    "rx_pkts": 0,
                    "servp_info": {
                      "asn": null,
                      "city": null,
                      "country_code": null,
                      "latitude": null,
                      "longitude": null,
                      "org": null,
                      "region_code": null
                    },
                    "tx_bytes": 0,
                    "tx_pkts": 0,
                    "up": false,
                    "vlan": 10,
                    "wan_name": null,
                    "wan_type": null
                  },
                  "irb.105": {
                    "address_mode": null,
                    "ips": [
                      "1.1.1.1/0"
                    ],
                    "nat_addresses": null,
                    "network_name": null,
                    "port_id": "irb",
                    "port_usage": null,
                    "redundancy_state": null,
                    "rx_bytes": 0,
                    "rx_pkts": 0,
                    "servp_info": {
                      "asn": "AS13335",
                      "city": "Sydney",
                      "country_code": "AU",
                      "latitude": -33.859337,
                      "longitude": 151.20363,
                      "org": "CLOUDFLARENET",
                      "region_code": "NSW"
                    },
                    "tx_bytes": 0,
                    "tx_pkts": 0,
                    "up": false,
                    "vlan": 105,
                    "wan_name": null,
                    "wan_type": null
                  },
                  "irb.2": {
                    "address_mode": null,
                    "ips": [
                      "20.1.1.1/24"
                    ],
                    "nat_addresses": null,
                    "network_name": null,
                    "port_id": "irb",
                    "port_usage": null,
                    "redundancy_state": null,
                    "rx_bytes": 239344127,
                    "rx_pkts": 597145,
                    "servp_info": {
                      "asn": null,
                      "city": null,
                      "country_code": null,
                      "latitude": null,
                      "longitude": null,
                      "org": null,
                      "region_code": null
                    },
                    "tx_bytes": 0,
                    "tx_pkts": 0,
                    "up": false,
                    "vlan": 2,
                    "wan_name": null,
                    "wan_type": null
                  },
                  "lo0.16385": {
                    "address_mode": null,
                    "ips": null,
                    "nat_addresses": null,
                    "network_name": null,
                    "port_id": "lo0",
                    "port_usage": null,
                    "redundancy_state": null,
                    "rx_bytes": 23167934072,
                    "rx_pkts": 157569253,
                    "servp_info": null,
                    "tx_bytes": 23168313417,
                    "tx_pkts": 157570543,
                    "up": true,
                    "vlan": null,
                    "wan_name": null,
                    "wan_type": null
                  },
                  "me0.0": {
                    "address_mode": null,
                    "ips": null,
                    "nat_addresses": null,
                    "network_name": null,
                    "port_id": "me0",
                    "port_usage": null,
                    "redundancy_state": null,
                    "rx_bytes": 10270725683,
                    "rx_pkts": 99207714,
                    "servp_info": null,
                    "tx_bytes": 10875376269,
                    "tx_pkts": 11854241,
                    "up": true,
                    "vlan": null,
                    "wan_name": null,
                    "wan_type": null
                  },
                  "vme.0": {
                    "address_mode": null,
                    "ips": [
                      "172.16.84.63/23"
                    ],
                    "nat_addresses": null,
                    "network_name": null,
                    "port_id": "vme",
                    "port_usage": null,
                    "redundancy_state": null,
                    "rx_bytes": 9525634766,
                    "rx_pkts": 89124144,
                    "servp_info": {
                      "asn": null,
                      "city": null,
                      "country_code": null,
                      "latitude": null,
                      "longitude": null,
                      "org": null,
                      "region_code": null
                    },
                    "tx_bytes": 10830073335,
                    "tx_pkts": 11675670,
                    "up": true,
                    "vlan": null,
                    "wan_name": null,
                    "wan_type": null
                  }
                },
                "ip": "172.16.84.63",
                "ip_stat": {
                  "dhcp_server": null,
                  "dns": null,
                  "dns_suffix": null,
                  "gateway": "172.16.84.1",
                  "gateway6": null,
                  "ip": "20.1.1.1",
                  "ip6": null,
                  "ips": {
                    "vlan1": "172.16.84.63",
                    "vlan10": "20.1.1.3",
                    "vlan105": "1.1.1.1",
                    "vlan2": "20.1.1.1"
                  },
                  "netmask": "255.255.255.255",
                  "netmask6": null
                },
                "last_seen": 1713477074,
                "last_trouble": {
                  "code": "102",
                  "timestamp": 1720867862607
                },
                "mac": "182ad34a5ea2",
                "mac_table_stats": {
                  "mac_table_count": 0,
                  "max_mac_entries_supported": 32000
                },
                "map_id": null,
                "memory_stat": {
                  "usage": 17
                },
                "model": "EX3400-48P",
                "modified_time": 1717019005,
                "module_stat": [
                  {
                    "backup_version": "23.2R1.13",
                    "bios_version": "",
                    "cpld_version": null,
                    "errors": null,
                    "fans": [
                      {
                        "airflow": "out",
                        "name": "Fan Tray 0 Fan 0",
                        "status": "ok"
                      },
                      {
                        "airflow": "out",
                        "name": "Fan Tray 1 Fan 0",
                        "status": "ok"
                      }
                    ],
                    "fpc_idx": 0,
                    "fpga_version": null,
                    "last_seen": null,
                    "model": "EX3400-48P",
                    "optics_cpld_version": null,
                    "pending_version": "",
                    "pics": [
                      {
                        "index": 0,
                        "model_number": "EX3400-48P",
                        "port_groups": [
                          {
                            "count": 48,
                            "type": "GE"
                          }
                        ]
                      },
                      {
                        "index": 1,
                        "model_number": "EX3400-48P",
                        "port_groups": [
                          {
                            "count": 2,
                            "type": "QSFP/QSFP+"
                          }
                        ]
                      },
                      {
                        "index": 2,
                        "model_number": "EX3400-48P",
                        "port_groups": [
                          {
                            "count": 4,
                            "type": "SFP/SFP+"
                          }
                        ]
                      }
                    ],
                    "poe": {
                      "max_power": 740,
                      "power_draw": 0
                    },
                    "poe_version": null,
                    "power_cpld_version": null,
                    "psus": [
                      {
                        "name": "Power Supply 0",
                        "status": "ok"
                      },
                      {
                        "name": "Power Supply 1",
                        "status": "absent"
                      }
                    ],
                    "re_fpga_version": null,
                    "recovery_version": "18.1R3.3",
                    "serial": "NY3619240555",
                    "status": null,
                    "temperatures": [
                      {
                        "celsius": 34,
                        "name": "CPU Sensor",
                        "status": "ok"
                      },
                      {
                        "celsius": 33,
                        "name": "PSU Sensor",
                        "status": "ok"
                      }
                    ],
                    "tmc_fpga_version": null,
                    "uboot_version": null,
                    "uptime": 3807000,
                    "vc_links": [],
                    "vc_mode": "HiGiG",
                    "vc_role": "master",
                    "vc_state": "present",
                    "version": "23.4R1.9"
                  }
                ],
                "name": "ld-cup-idf-c2",
                "org_id": "9777c1a0-6ef6-11e6-8bbf-02e208b2d34f",
                "route_summary_stats": {
                  "fib_routes": 6,
                  "max_unicast_routes_supported": 36000,
                  "rib_routes": 21,
                  "total_routes": 6
                },
                "serial": "NY3619240555",
                "service_stat": {},
                "site_id": "978c48e6-6ef6-11e6-8bbf-02e208b2d34f",
                "status": "disconnected",
                "uptime": 3807099,
                "vc_mac": null,
                "vc_setup_info": {
                  "config_type": "nonprovisioned",
                  "err_missing_dev_id_fpc": false
                },
                "version": "23.4R1.9"
              },
              {
                "ap_redundancy": null,
                "arp_table_stats": {
                  "arp_table_count": 3,
                  "max_entries_supported": 24000
                },
                "cert_expiry": null,
                "clients": [
                  {
                    "device_mac": "c0bfa701fe20",
                    "hostname": null,
                    "mac": "fc334262f980",
                    "port_id": "mge-0/0/23"
                  },
                  {
                    "device_mac": "c0bfa701fe20",
                    "hostname": null,
                    "mac": "c0bfa70222a0",
                    "port_id": "mge-0/0/20"
                  },
                  {
                    "device_mac": "c0bfa701fe20",
                    "hostname": null,
                    "mac": "c0bfa7017894",
                    "port_id": "mge-0/0/19"
                  },
                  {
                    "device_mac": "c0bfa701fe20",
                    "hostname": null,
                    "mac": "c0bfa701fda0",
                    "port_id": "mge-0/0/21,mge-0/0/22"
                  }
                ],
                "clients_stats": {
                  "total": {
                    "num_aps": [
                      0
                    ],
                    "num_wired_clients": 4
                  }
                },
                "config_status": "COMMITED",
                "cpu_stat": {
                  "idle": 93,
                  "interrupt": 0,
                  "load_avg": [
                    0.32,
                    0.32,
                    0.32
                  ],
                  "system": 2,
                  "user": 5
                },
                "created_time": 1720566615,
                "deviceprofile_id": null,
                "dhcpd_stat": {},
                "evpntopo_id": "1bec640e-eaac-4214-8954-58adfb008b52",
                "fw_versions_outofsync": false,
                "fwupdate": null,
                "has_pcap": false,
                "hostname": "CORE1",
                "hw_rev": "M",
                "id": "00000000-0000-0000-1000-c0bfa701fe20",
                "if_stat": {
                  "irb.100": {
                    "address_mode": null,
                    "ips": [
                      "10.10.100.116/24"
                    ],
                    "nat_addresses": null,
                    "network_name": null,
                    "port_id": "irb",
                    "port_usage": null,
                    "redundancy_state": null,
                    "rx_bytes": 691172279,
                    "rx_pkts": 1836439,
                    "servp_info": {
                      "asn": null,
                      "city": null,
                      "country_code": null,
                      "latitude": null,
                      "longitude": null,
                      "org": null,
                      "region_code": null
                    },
                    "tx_bytes": 530902181,
                    "tx_pkts": 748497,
                    "up": true,
                    "vlan": 100,
                    "wan_name": null,
                    "wan_type": null
                  },
                  "lo0.0": {
                    "address_mode": null,
                    "ips": [
                      "172.16.254.2/0"
                    ],
                    "nat_addresses": null,
                    "network_name": null,
                    "port_id": "lo0",
                    "port_usage": null,
                    "redundancy_state": null,
                    "rx_bytes": 4875296,
                    "rx_pkts": 23604,
                    "servp_info": {
                      "asn": null,
                      "city": null,
                      "country_code": null,
                      "latitude": null,
                      "longitude": null,
                      "org": null,
                      "region_code": null
                    },
                    "tx_bytes": 4875296,
                    "tx_pkts": 23604,
                    "up": true,
                    "vlan": null,
                    "wan_name": null,
                    "wan_type": null
                  },
                  "lo0.16384": {
                    "address_mode": null,
                    "ips": [
                      "127.0.0.1/0"
                    ],
                    "nat_addresses": null,
                    "network_name": null,
                    "port_id": "lo0",
                    "port_usage": null,
                    "redundancy_state": null,
                    "rx_bytes": 0,
                    "rx_pkts": 0,
                    "servp_info": {
                      "asn": null,
                      "city": null,
                      "country_code": null,
                      "latitude": null,
                      "longitude": null,
                      "org": null,
                      "region_code": null
                    },
                    "tx_bytes": 0,
                    "tx_pkts": 0,
                    "up": true,
                    "vlan": null,
                    "wan_name": null,
                    "wan_type": null
                  },
                  "lo0.16385": {
                    "address_mode": null,
                    "ips": null,
                    "nat_addresses": null,
                    "network_name": null,
                    "port_id": "lo0",
                    "port_usage": null,
                    "redundancy_state": null,
                    "rx_bytes": 1469115190,
                    "rx_pkts": 14957744,
                    "servp_info": null,
                    "tx_bytes": 1469114680,
                    "tx_pkts": 14957731,
                    "up": true,
                    "vlan": null,
                    "wan_name": null,
                    "wan_type": null
                  },
                  "me0.0": {
                    "address_mode": null,
                    "ips": null,
                    "nat_addresses": null,
                    "network_name": null,
                    "port_id": "me0",
                    "port_usage": null,
                    "redundancy_state": null,
                    "rx_bytes": 0,
                    "rx_pkts": 0,
                    "servp_info": null,
                    "tx_bytes": 0,
                    "tx_pkts": 0,
                    "up": false,
                    "vlan": null,
                    "wan_name": null,
                    "wan_type": null
                  },
                  "vme.0": {
                    "address_mode": null,
                    "ips": null,
                    "nat_addresses": null,
                    "network_name": null,
                    "port_id": "vme",
                    "port_usage": null,
                    "redundancy_state": null,
                    "rx_bytes": 0,
                    "rx_pkts": 0,
                    "servp_info": null,
                    "tx_bytes": 0,
                    "tx_pkts": 0,
                    "up": false,
                    "vlan": null,
                    "wan_name": null,
                    "wan_type": null
                  }
                },
                "ip": "172.16.254.2",
                "ip_stat": {
                  "dhcp_server": null,
                  "dns": null,
                  "dns_suffix": null,
                  "gateway": "10.10.100.1",
                  "gateway6": null,
                  "ip": "10.10.100.116",
                  "ip6": null,
                  "ips": {
                    "vlan1": "172.16.254.2,127.0.0.1",
                    "vlan100": "10.10.100.116"
                  },
                  "netmask": "255.255.255.255",
                  "netmask6": null
                },
                "last_seen": 1720867908,
                "last_trouble": null,
                "mac": "c0bfa701fe20",
                "mac_table_stats": {
                  "mac_table_count": 8,
                  "max_mac_entries_supported": 112000
                },
                "map_id": null,
                "memory_stat": {
                  "usage": 17
                },
                "model": "EX4400-24MP",
                "modified_time": 1720812244,
                "module_stat": [
                  {
                    "backup_version": "21.2R3-S2.9",
                    "bios_version": "CDEN_P_EX0_00.12.01.01",
                    "cpld_version": "",
                    "errors": null,
                    "fans": [
                      {
                        "airflow": "out",
                        "name": "FPC 0 Fan Tray 0 Fan 0",
                        "status": "ok"
                      },
                      {
                        "airflow": "out",
                        "name": "FPC 0 Fan Tray 0 Fan 1",
                        "status": "ok"
                      },
                      {
                        "airflow": "out",
                        "name": "FPC 0 Fan Tray 1 Fan 0",
                        "status": "ok"
                      },
                      {
                        "airflow": "out",
                        "name": "FPC 0 Fan Tray 1 Fan 1",
                        "status": "ok"
                      }
                    ],
                    "fpc_idx": 0,
                    "fpga_version": "",
                    "last_seen": null,
                    "model": "EX4400-24MP",
                    "optics_cpld_version": "",
                    "pending_version": "",
                    "pics": [
                      {
                        "index": 0,
                        "model_number": "EX4400-24MP-S",
                        "port_groups": [
                          {
                            "count": 24,
                            "type": "GE"
                          }
                        ]
                      },
                      {
                        "index": 1,
                        "model_number": "EX4400-24MP-S",
                        "port_groups": [
                          {
                            "count": 2,
                            "type": "QSFP28"
                          }
                        ]
                      }
                    ],
                    "poe": {
                      "max_power": 753,
                      "power_draw": 0
                    },
                    "poe_version": "3.4.9.0.27 (type1)",
                    "power_cpld_version": "",
                    "psus": [
                      {
                        "name": "Power Supply 1",
                        "status": "absent"
                      },
                      {
                        "name": "Power Supply 0",
                        "status": "ok"
                      }
                    ],
                    "re_fpga_version": "",
                    "recovery_version": "",
                    "serial": "ZG4320440041",
                    "status": null,
                    "temperatures": [
                      {
                        "celsius": 32,
                        "name": "Main Board Sensor 1",
                        "status": "ok"
                      },
                      {
                        "celsius": 29,
                        "name": "Main Board Sensor 2",
                        "status": "ok"
                      },
                      {
                        "celsius": 28,
                        "name": "Main Board Sensor 3",
                        "status": "ok"
                      },
                      {
                        "celsius": 24,
                        "name": "Main Board Sensor 4",
                        "status": "ok"
                      },
                      {
                        "celsius": 21,
                        "name": "Main Board Sensor 5",
                        "status": "ok"
                      },
                      {
                        "celsius": 24,
                        "name": "Main Board Sensor 6",
                        "status": "ok"
                      },
                      {
                        "celsius": 37,
                        "name": "PFE Die Sensor",
                        "status": "ok"
                      },
                      {
                        "celsius": 34,
                        "name": "CPU Die Sensor",
                        "status": "ok"
                      }
                    ],
                    "tmc_fpga_version": "",
                    "uboot_version": "",
                    "uptime": 300420,
                    "vc_links": [],
                    "vc_mode": "HiGiG",
                    "vc_role": "master",
                    "vc_state": "present",
                    "version": "22.4R3.25"
                  }
                ],
                "name": "CORE1",
                "org_id": "9777c1a0-6ef6-11e6-8bbf-02e208b2d34f",
                "route_summary_stats": {
                  "fib_routes": 11,
                  "max_unicast_routes_supported": 81000,
                  "rib_routes": 165,
                  "total_routes": 11
                },
                "serial": "ZG4320440041",
                "service_stat": {},
                "site_id": "abe3b357-fd9d-4af3-b76b-5ab740942289",
                "status": "connected",
                "uptime": 300444,
                "vc_mac": null,
                "vc_setup_info": {
                  "config_type": "nonprovisioned",
                  "err_missing_dev_id_fpc": false
                },
                "version": "22.4R3.25"
              },
              {
                "ap_redundancy": null,
                "arp_table_stats": {
                  "arp_table_count": 4,
                  "max_entries_supported": 1500
                },
                "cert_expiry": 1738764256,
                "clients": [
                  {
                    "device_mac": "d0dd4991652d",
                    "hostname": null,
                    "mac": "5c5b350ef4c1",
                    "port_id": "ge-0/0/31"
                  },
                  {
                    "device_mac": "d0dd4991652d",
                    "hostname": null,
                    "mac": "dca632c7e8a8",
                    "port_id": "ge-0/0/17"
                  },
                  {
                    "device_mac": "d0dd4991652d",
                    "hostname": null,
                    "mac": "dca632c7e896",
                    "port_id": "ge-0/0/39"
                  },
                  {
                    "device_mac": "d0dd4991652d",
                    "hostname": null,
                    "mac": "c0bfa7011d94",
                    "port_id": "ge-1/0/4"
                  },
                  {
                    "device_mac": "d0dd4991652d",
                    "hostname": null,
                    "mac": "60c78d93af0f",
                    "port_id": "ge-0/0/46"
                  },
                  {
                    "device_mac": "d0dd4991652d",
                    "hostname": null,
                    "mac": "ac2316fc037f",
                    "port_id": "ge-1/0/44"
                  },
                  {
                    "device_mac": "d0dd4991652d",
                    "hostname": null,
                    "mac": "e0a70006b5ff",
                    "port_id": "ge-0/0/42"
                  },
                  {
                    "device_mac": "d0dd4991652d",
                    "hostname": null,
                    "mac": "d420b042cc04",
                    "port_id": "ge-1/0/36"
                  },
                  {
                    "device_mac": "d0dd4991652d",
                    "hostname": null,
                    "mac": "60c78d93988f",
                    "port_id": "ge-0/0/35"
                  },
                  {
                    "device_mac": "d0dd4991652d",
                    "hostname": null,
                    "mac": "3c8c939474dc",
                    "port_id": "ge-1/0/42"
                  },
                  {
                    "device_mac": "d0dd4991652d",
                    "hostname": null,
                    "mac": "e45f010b1e25",
                    "port_id": "ge-0/0/3"
                  },
                  {
                    "device_mac": "d0dd4991652d",
                    "hostname": null,
                    "mac": "dca632c7e6d5",
                    "port_id": "ge-0/0/1"
                  },
                  {
                    "device_mac": "d0dd4991652d",
                    "hostname": null,
                    "mac": "dca632c7e7a6",
                    "port_id": "ge-0/0/45"
                  },
                  {
                    "device_mac": "d0dd4991652d",
                    "hostname": null,
                    "mac": "5c5b350eb23f",
                    "port_id": "ge-1/0/24"
                  }
                ],
                "clients_stats": {
                  "total": {
                    "num_aps": [
                      0,
                      1
                    ],
                    "num_wired_clients": 14
                  }
                },
                "config_status": "COMMITED",
                "cpu_stat": {
                  "idle": 53,
                  "interrupt": 1,
                  "load_avg": [
                    0.93,
                    0.94,
                    0.97
                  ],
                  "system": 23,
                  "user": 23
                },
                "created_time": 1600733023,
                "deviceprofile_id": null,
                "dhcpd_stat": {},
                "evpntopo_id": null,
                "fw_versions_outofsync": false,
                "fwupdate": {
                  "progress": 100,
                  "status": "success",
                  "status_id": 3037,
                  "timestamp": 1700130286.3040173,
                  "will_retry": false
                },
                "has_pcap": false,
                "hostname": "ld-cup-idf-d-VC",
                "hw_rev": "",
                "id": "00000000-0000-0000-1000-d0dd4991652d",
                "if_stat": {
                  "ge-0/0/0.0": {
                    "address_mode": null,
                    "ips": null,
                    "nat_addresses": null,
                    "network_name": null,
                    "port_id": "ge-0/0/0",
                    "port_usage": null,
                    "redundancy_state": null,
                    "rx_bytes": 0,
                    "rx_pkts": 0,
                    "servp_info": null,
                    "tx_bytes": 0,
                    "tx_pkts": 0,
                    "up": false,
                    "vlan": null,
                    "wan_name": null,
                    "wan_type": null
                  },
                  "ge-0/0/1.0": {
                    "address_mode": null,
                    "ips": null,
                    "nat_addresses": null,
                    "network_name": null,
                    "port_id": "ge-0/0/1",
                    "port_usage": null,
                    "redundancy_state": null,
                    "rx_bytes": 74277453,
                    "rx_pkts": 652745,
                    "servp_info": null,
                    "tx_bytes": 231396753,
                    "tx_pkts": 459873,
                    "up": true,
                    "vlan": null,
                    "wan_name": null,
                    "wan_type": null
                  },
                  "ge-0/0/10.0": {
                    "address_mode": null,
                    "ips": null,
                    "nat_addresses": null,
                    "network_name": null,
                    "port_id": "ge-0/0/10",
                    "port_usage": null,
                    "redundancy_state": null,
                    "rx_bytes": 0,
                    "rx_pkts": 0,
                    "servp_info": null,
                    "tx_bytes": 0,
                    "tx_pkts": 0,
                    "up": false,
                    "vlan": null,
                    "wan_name": null,
                    "wan_type": null
                  },
                  "ge-0/0/11.0": {
                    "address_mode": null,
                    "ips": null,
                    "nat_addresses": null,
                    "network_name": null,
                    "port_id": "ge-0/0/11",
                    "port_usage": null,
                    "redundancy_state": null,
                    "rx_bytes": 0,
                    "rx_pkts": 0,
                    "servp_info": null,
                    "tx_bytes": 0,
                    "tx_pkts": 0,
                    "up": false,
                    "vlan": null,
                    "wan_name": null,
                    "wan_type": null
                  },
                  "ge-0/0/12.0": {
                    "address_mode": null,
                    "ips": null,
                    "nat_addresses": null,
                    "network_name": null,
                    "port_id": "ge-0/0/12",
                    "port_usage": null,
                    "redundancy_state": null,
                    "rx_bytes": 0,
                    "rx_pkts": 0,
                    "servp_info": null,
                    "tx_bytes": 0,
                    "tx_pkts": 0,
                    "up": false,
                    "vlan": null,
                    "wan_name": null,
                    "wan_type": null
                  },
                  "ge-0/0/13.0": {
                    "address_mode": null,
                    "ips": null,
                    "nat_addresses": null,
                    "network_name": null,
                    "port_id": "ge-0/0/13",
                    "port_usage": null,
                    "redundancy_state": null,
                    "rx_bytes": 0,
                    "rx_pkts": 0,
                    "servp_info": null,
                    "tx_bytes": 0,
                    "tx_pkts": 0,
                    "up": false,
                    "vlan": null,
                    "wan_name": null,
                    "wan_type": null
                  },
                  "ge-0/0/14.0": {
                    "address_mode": null,
                    "ips": null,
                    "nat_addresses": null,
                    "network_name": null,
                    "port_id": "ge-0/0/14",
                    "port_usage": null,
                    "redundancy_state": null,
                    "rx_bytes": 0,
                    "rx_pkts": 0,
                    "servp_info": null,
                    "tx_bytes": 0,
                    "tx_pkts": 0,
                    "up": false,
                    "vlan": null,
                    "wan_name": null,
                    "wan_type": null
                  },
                  "ge-0/0/15.0": {
                    "address_mode": null,
                    "ips": null,
                    "nat_addresses": null,
                    "network_name": null,
                    "port_id": "ge-0/0/15",
                    "port_usage": null,
                    "redundancy_state": null,
                    "rx_bytes": 0,
                    "rx_pkts": 0,
                    "servp_info": null,
                    "tx_bytes": 0,
                    "tx_pkts": 0,
                    "up": false,
                    "vlan": null,
                    "wan_name": null,
                    "wan_type": null
                  },
                  "ge-0/0/16.0": {
                    "address_mode": null,
                    "ips": null,
                    "nat_addresses": null,
                    "network_name": null,
                    "port_id": "ge-0/0/16",
                    "port_usage": null,
                    "redundancy_state": null,
                    "rx_bytes": 0,
                    "rx_pkts": 0,
                    "servp_info": null,
                    "tx_bytes": 0,
                    "tx_pkts": 0,
                    "up": false,
                    "vlan": null,
                    "wan_name": null,
                    "wan_type": null
                  },
                  "ge-0/0/17.0": {
                    "address_mode": null,
                    "ips": null,
                    "nat_addresses": null,
                    "network_name": null,
                    "port_id": "ge-0/0/17",
                    "port_usage": null,
                    "redundancy_state": null,
                    "rx_bytes": 92404318,
                    "rx_pkts": 982374,
                    "servp_info": null,
                    "tx_bytes": 188237589,
                    "tx_pkts": 423959,
                    "up": true,
                    "vlan": null,
                    "wan_name": null,
                    "wan_type": null
                  },
                  "ge-0/0/18.0": {
                    "address_mode": null,
                    "ips": null,
                    "nat_addresses": null,
                    "network_name": null,
                    "port_id": "ge-0/0/18",
                    "port_usage": null,
                    "redundancy_state": null,
                    "rx_bytes": 0,
                    "rx_pkts": 0,
                    "servp_info": null,
                    "tx_bytes": 0,
                    "tx_pkts": 0,
                    "up": false,
                    "vlan": null,
                    "wan_name": null,
                    "wan_type": null
                  },
                  "ge-0/0/19.0": {
                    "address_mode": null,
                    "ips": null,
                    "nat_addresses": null,
                    "network_name": null,
                    "port_id": "ge-0/0/19",
                    "port_usage": null,
                    "redundancy_state": null,
                    "rx_bytes": 0,
                    "rx_pkts": 0,
                    "servp_info": null,
                    "tx_bytes": 0,
                    "tx_pkts": 0,
                    "up": false,
                    "vlan": null,
                    "wan_name": null,
                    "wan_type": null
                  },
                  "ge-0/0/2.0": {
                    "address_mode": null,
                    "ips": null,
                    "nat_addresses": null,
                    "network_name": null,
                    "port_id": "ge-0/0/2",
                    "port_usage": null,
                    "redundancy_state": null,
                    "rx_bytes": 0,
                    "rx_pkts": 0,
                    "servp_info": null,
                    "tx_bytes": 0,
                    "tx_pkts": 0,
                    "up": false,
                    "vlan": null,
                    "wan_name": null,
                    "wan_type": null
                  },
                  "ge-0/0/20.0": {
                    "address_mode": null,
                    "ips": null,
                    "nat_addresses": null,
                    "network_name": null,
                    "port_id": "ge-0/0/20",
                    "port_usage": null,
                    "redundancy_state": null,
                    "rx_bytes": 0,
                    "rx_pkts": 0,
                    "servp_info": null,
                    "tx_bytes": 0,
                    "tx_pkts": 0,
                    "up": false,
                    "vlan": null,
                    "wan_name": null,
                    "wan_type": null
                  },
                  "ge-0/0/21.0": {
                    "address_mode": null,
                    "ips": null,
                    "nat_addresses": null,
                    "network_name": null,
                    "port_id": "ge-0/0/21",
                    "port_usage": null,
                    "redundancy_state": null,
                    "rx_bytes": 0,
                    "rx_pkts": 0,
                    "servp_info": null,
                    "tx_bytes": 0,
                    "tx_pkts": 0,
                    "up": false,
                    "vlan": null,
                    "wan_name": null,
                    "wan_type": null
                  },
                  "ge-0/0/22.0": {
                    "address_mode": null,
                    "ips": null,
                    "nat_addresses": null,
                    "network_name": null,
                    "port_id": "ge-0/0/22",
                    "port_usage": null,
                    "redundancy_state": null,
                    "rx_bytes": 0,
                    "rx_pkts": 0,
                    "servp_info": null,
                    "tx_bytes": 0,
                    "tx_pkts": 0,
                    "up": false,
                    "vlan": null,
                    "wan_name": null,
                    "wan_type": null
                  },
                  "ge-0/0/23.0": {
                    "address_mode": null,
                    "ips": null,
                    "nat_addresses": null,
                    "network_name": null,
                    "port_id": "ge-0/0/23",
                    "port_usage": null,
                    "redundancy_state": null,
                    "rx_bytes": 0,
                    "rx_pkts": 0,
                    "servp_info": null,
                    "tx_bytes": 13280951,
                    "tx_pkts": 46302,
                    "up": false,
                    "vlan": null,
                    "wan_name": null,
                    "wan_type": null
                  },
                  "ge-0/0/24.0": {
                    "address_mode": null,
                    "ips": null,
                    "nat_addresses": null,
                    "network_name": null,
                    "port_id": "ge-0/0/24",
                    "port_usage": null,
                    "redundancy_state": null,
                    "rx_bytes": 0,
                    "rx_pkts": 0,
                    "servp_info": null,
                    "tx_bytes": 0,
                    "tx_pkts": 0,
                    "up": false,
                    "vlan": null,
                    "wan_name": null,
                    "wan_type": null
                  },
                  "ge-0/0/25.0": {
                    "address_mode": null,
                    "ips": null,
                    "nat_addresses": null,
                    "network_name": null,
                    "port_id": "ge-0/0/25",
                    "port_usage": null,
                    "redundancy_state": null,
                    "rx_bytes": 0,
                    "rx_pkts": 0,
                    "servp_info": null,
                    "tx_bytes": 0,
                    "tx_pkts": 0,
                    "up": false,
                    "vlan": null,
                    "wan_name": null,
                    "wan_type": null
                  },
                  "ge-0/0/26.0": {
                    "address_mode": null,
                    "ips": null,
                    "nat_addresses": null,
                    "network_name": null,
                    "port_id": "ge-0/0/26",
                    "port_usage": null,
                    "redundancy_state": null,
                    "rx_bytes": 0,
                    "rx_pkts": 0,
                    "servp_info": null,
                    "tx_bytes": 0,
                    "tx_pkts": 0,
                    "up": false,
                    "vlan": null,
                    "wan_name": null,
                    "wan_type": null
                  },
                  "ge-0/0/27.0": {
                    "address_mode": null,
                    "ips": null,
                    "nat_addresses": null,
                    "network_name": null,
                    "port_id": "ge-0/0/27",
                    "port_usage": null,
                    "redundancy_state": null,
                    "rx_bytes": 0,
                    "rx_pkts": 0,
                    "servp_info": null,
                    "tx_bytes": 0,
                    "tx_pkts": 0,
                    "up": false,
                    "vlan": null,
                    "wan_name": null,
                    "wan_type": null
                  },
                  "ge-0/0/28.0": {
                    "address_mode": null,
                    "ips": null,
                    "nat_addresses": null,
                    "network_name": null,
                    "port_id": "ge-0/0/28",
                    "port_usage": null,
                    "redundancy_state": null,
                    "rx_bytes": 0,
                    "rx_pkts": 0,
                    "servp_info": null,
                    "tx_bytes": 0,
                    "tx_pkts": 0,
                    "up": false,
                    "vlan": null,
                    "wan_name": null,
                    "wan_type": null
                  },
                  "ge-0/0/29.0": {
                    "address_mode": null,
                    "ips": null,
                    "nat_addresses": null,
                    "network_name": null,
                    "port_id": "ge-0/0/29",
                    "port_usage": null,
                    "redundancy_state": null,
                    "rx_bytes": 0,
                    "rx_pkts": 0,
                    "servp_info": null,
                    "tx_bytes": 0,
                    "tx_pkts": 0,
                    "up": false,
                    "vlan": null,
                    "wan_name": null,
                    "wan_type": null
                  },
                  "ge-0/0/3.0": {
                    "address_mode": null,
                    "ips": null,
                    "nat_addresses": null,
                    "network_name": null,
                    "port_id": "ge-0/0/3",
                    "port_usage": null,
                    "redundancy_state": null,
                    "rx_bytes": 503760,
                    "rx_pkts": 6934,
                    "servp_info": null,
                    "tx_bytes": 214037420,
                    "tx_pkts": 419753,
                    "up": true,
                    "vlan": null,
                    "wan_name": null,
                    "wan_type": null
                  },
                  "ge-0/0/30.0": {
                    "address_mode": null,
                    "ips": null,
                    "nat_addresses": null,
                    "network_name": null,
                    "port_id": "ge-0/0/30",
                    "port_usage": null,
                    "redundancy_state": null,
                    "rx_bytes": 0,
                    "rx_pkts": 0,
                    "servp_info": null,
                    "tx_bytes": 0,
                    "tx_pkts": 0,
                    "up": false,
                    "vlan": null,
                    "wan_name": null,
                    "wan_type": null
                  },
                  "ge-0/0/31.0": {
                    "address_mode": null,
                    "ips": null,
                    "nat_addresses": null,
                    "network_name": null,
                    "port_id": "ge-0/0/31",
                    "port_usage": null,
                    "redundancy_state": null,
                    "rx_bytes": 83189742,
                    "rx_pkts": 518295,
                    "servp_info": null,
                    "tx_bytes": 214836536,
                    "tx_pkts": 419641,
                    "up": true,
                    "vlan": null,
                    "wan_name": null,
                    "wan_type": null
                  },
                  "ge-0/0/32.0": {
                    "address_mode": null,
                    "ips": null,
                    "nat_addresses": null,
                    "network_name": null,
                    "port_id": "ge-0/0/32",
                    "port_usage": null,
                    "redundancy_state": null,
                    "rx_bytes": 0,
                    "rx_pkts": 0,
                    "servp_info": null,
                    "tx_bytes": 0,
                    "tx_pkts": 0,
                    "up": false,
                    "vlan": null,
                    "wan_name": null,
                    "wan_type": null
                  },
                  "ge-0/0/33.0": {
                    "address_mode": null,
                    "ips": null,
                    "nat_addresses": null,
                    "network_name": null,
                    "port_id": "ge-0/0/33",
                    "port_usage": null,
                    "redundancy_state": null,
                    "rx_bytes": 0,
                    "rx_pkts": 0,
                    "servp_info": null,
                    "tx_bytes": 0,
                    "tx_pkts": 0,
                    "up": false,
                    "vlan": null,
                    "wan_name": null,
                    "wan_type": null
                  },
                  "ge-0/0/34.0": {
                    "address_mode": null,
                    "ips": null,
                    "nat_addresses": null,
                    "network_name": null,
                    "port_id": "ge-0/0/34",
                    "port_usage": null,
                    "redundancy_state": null,
                    "rx_bytes": 0,
                    "rx_pkts": 0,
                    "servp_info": null,
                    "tx_bytes": 0,
                    "tx_pkts": 0,
                    "up": false,
                    "vlan": null,
                    "wan_name": null,
                    "wan_type": null
                  },
                  "ge-0/0/35.0": {
                    "address_mode": null,
                    "ips": null,
                    "nat_addresses": null,
                    "network_name": null,
                    "port_id": "ge-0/0/35",
                    "port_usage": null,
                    "redundancy_state": null,
                    "rx_bytes": 185405363,
                    "rx_pkts": 420529,
                    "servp_info": null,
                    "tx_bytes": 206691668,
                    "tx_pkts": 403753,
                    "up": true,
                    "vlan": null,
                    "wan_name": null,
                    "wan_type": null
                  },
                  "ge-0/0/36.0": {
                    "address_mode": null,
                    "ips": null,
                    "nat_addresses": null,
                    "network_name": null,
                    "port_id": "ge-0/0/36",
                    "port_usage": null,
                    "redundancy_state": null,
                    "rx_bytes": 0,
                    "rx_pkts": 0,
                    "servp_info": null,
                    "tx_bytes": 0,
                    "tx_pkts": 0,
                    "up": false,
                    "vlan": null,
                    "wan_name": null,
                    "wan_type": null
                  },
                  "ge-0/0/37.0": {
                    "address_mode": null,
                    "ips": null,
                    "nat_addresses": null,
                    "network_name": null,
                    "port_id": "ge-0/0/37",
                    "port_usage": null,
                    "redundancy_state": null,
                    "rx_bytes": 0,
                    "rx_pkts": 0,
                    "servp_info": null,
                    "tx_bytes": 0,
                    "tx_pkts": 0,
                    "up": false,
                    "vlan": null,
                    "wan_name": null,
                    "wan_type": null
                  },
                  "ge-0/0/38.0": {
                    "address_mode": null,
                    "ips": null,
                    "nat_addresses": null,
                    "network_name": null,
                    "port_id": "ge-0/0/38",
                    "port_usage": null,
                    "redundancy_state": null,
                    "rx_bytes": 0,
                    "rx_pkts": 0,
                    "servp_info": null,
                    "tx_bytes": 0,
                    "tx_pkts": 0,
                    "up": false,
                    "vlan": null,
                    "wan_name": null,
                    "wan_type": null
                  },
                  "ge-0/0/39.0": {
                    "address_mode": null,
                    "ips": null,
                    "nat_addresses": null,
                    "network_name": null,
                    "port_id": "ge-0/0/39",
                    "port_usage": null,
                    "redundancy_state": null,
                    "rx_bytes": 95674753,
                    "rx_pkts": 589195,
                    "servp_info": null,
                    "tx_bytes": 222666010,
                    "tx_pkts": 435015,
                    "up": true,
                    "vlan": null,
                    "wan_name": null,
                    "wan_type": null
                  },
                  "ge-0/0/4.0": {
                    "address_mode": null,
                    "ips": null,
                    "nat_addresses": null,
                    "network_name": null,
                    "port_id": "ge-0/0/4",
                    "port_usage": null,
                    "redundancy_state": null,
                    "rx_bytes": 0,
                    "rx_pkts": 0,
                    "servp_info": null,
                    "tx_bytes": 0,
                    "tx_pkts": 0,
                    "up": false,
                    "vlan": null,
                    "wan_name": null,
                    "wan_type": null
                  },
                  "ge-0/0/40.0": {
                    "address_mode": null,
                    "ips": null,
                    "nat_addresses": null,
                    "network_name": null,
                    "port_id": "ge-0/0/40",
                    "port_usage": null,
                    "redundancy_state": null,
                    "rx_bytes": 0,
                    "rx_pkts": 0,
                    "servp_info": null,
                    "tx_bytes": 0,
                    "tx_pkts": 0,
                    "up": false,
                    "vlan": null,
                    "wan_name": null,
                    "wan_type": null
                  },
                  "ge-0/0/41.0": {
                    "address_mode": null,
                    "ips": null,
                    "nat_addresses": null,
                    "network_name": null,
                    "port_id": "ge-0/0/41",
                    "port_usage": null,
                    "redundancy_state": null,
                    "rx_bytes": 0,
                    "rx_pkts": 0,
                    "servp_info": null,
                    "tx_bytes": 0,
                    "tx_pkts": 0,
                    "up": false,
                    "vlan": null,
                    "wan_name": null,
                    "wan_type": null
                  },
                  "ge-0/0/42.0": {
                    "address_mode": null,
                    "ips": null,
                    "nat_addresses": null,
                    "network_name": null,
                    "port_id": "ge-0/0/42",
                    "port_usage": null,
                    "redundancy_state": null,
                    "rx_bytes": 395516132,
                    "rx_pkts": 5133358,
                    "servp_info": null,
                    "tx_bytes": 269852719,
                    "tx_pkts": 527434,
                    "up": true,
                    "vlan": null,
                    "wan_name": null,
                    "wan_type": null
                  },
                  "ge-0/0/43.0": {
                    "address_mode": null,
                    "ips": null,
                    "nat_addresses": null,
                    "network_name": null,
                    "port_id": "ge-0/0/43",
                    "port_usage": null,
                    "redundancy_state": null,
                    "rx_bytes": 0,
                    "rx_pkts": 0,
                    "servp_info": null,
                    "tx_bytes": 0,
                    "tx_pkts": 0,
                    "up": false,
                    "vlan": null,
                    "wan_name": null,
                    "wan_type": null
                  },
                  "ge-0/0/44.0": {
                    "address_mode": null,
                    "ips": null,
                    "nat_addresses": null,
                    "network_name": null,
                    "port_id": "ge-0/0/44",
                    "port_usage": null,
                    "redundancy_state": null,
                    "rx_bytes": 0,
                    "rx_pkts": 0,
                    "servp_info": null,
                    "tx_bytes": 0,
                    "tx_pkts": 0,
                    "up": false,
                    "vlan": null,
                    "wan_name": null,
                    "wan_type": null
                  },
                  "ge-0/0/45.0": {
                    "address_mode": null,
                    "ips": null,
                    "nat_addresses": null,
                    "network_name": null,
                    "port_id": "ge-0/0/45",
                    "port_usage": null,
                    "redundancy_state": null,
                    "rx_bytes": 96202294,
                    "rx_pkts": 588147,
                    "servp_info": null,
                    "tx_bytes": 218708446,
                    "tx_pkts": 437271,
                    "up": true,
                    "vlan": null,
                    "wan_name": null,
                    "wan_type": null
                  },
                  "ge-0/0/46.0": {
                    "address_mode": null,
                    "ips": null,
                    "nat_addresses": null,
                    "network_name": null,
                    "port_id": "ge-0/0/46",
                    "port_usage": null,
                    "redundancy_state": null,
                    "rx_bytes": 2965739227,
                    "rx_pkts": 26410060,
                    "servp_info": null,
                    "tx_bytes": 110300701573,
                    "tx_pkts": 134134575,
                    "up": true,
                    "vlan": null,
                    "wan_name": null,
                    "wan_type": null
                  },
                  "ge-0/0/47.0": {
                    "address_mode": null,
                    "ips": null,
                    "nat_addresses": null,
                    "network_name": null,
                    "port_id": "ge-0/0/47",
                    "port_usage": null,
                    "redundancy_state": null,
                    "rx_bytes": 0,
                    "rx_pkts": 0,
                    "servp_info": null,
                    "tx_bytes": 0,
                    "tx_pkts": 0,
                    "up": false,
                    "vlan": null,
                    "wan_name": null,
                    "wan_type": null
                  },
                  "ge-0/0/5.0": {
                    "address_mode": null,
                    "ips": null,
                    "nat_addresses": null,
                    "network_name": null,
                    "port_id": "ge-0/0/5",
                    "port_usage": null,
                    "redundancy_state": null,
                    "rx_bytes": 0,
                    "rx_pkts": 0,
                    "servp_info": null,
                    "tx_bytes": 0,
                    "tx_pkts": 0,
                    "up": false,
                    "vlan": null,
                    "wan_name": null,
                    "wan_type": null
                  },
                  "ge-0/0/6.0": {
                    "address_mode": null,
                    "ips": null,
                    "nat_addresses": null,
                    "network_name": null,
                    "port_id": "ge-0/0/6",
                    "port_usage": null,
                    "redundancy_state": null,
                    "rx_bytes": 0,
                    "rx_pkts": 0,
                    "servp_info": null,
                    "tx_bytes": 0,
                    "tx_pkts": 0,
                    "up": false,
                    "vlan": null,
                    "wan_name": null,
                    "wan_type": null
                  },
                  "ge-0/0/7.0": {
                    "address_mode": null,
                    "ips": null,
                    "nat_addresses": null,
                    "network_name": null,
                    "port_id": "ge-0/0/7",
                    "port_usage": null,
                    "redundancy_state": null,
                    "rx_bytes": 0,
                    "rx_pkts": 0,
                    "servp_info": null,
                    "tx_bytes": 0,
                    "tx_pkts": 0,
                    "up": false,
                    "vlan": null,
                    "wan_name": null,
                    "wan_type": null
                  },
                  "ge-0/0/8.0": {
                    "address_mode": null,
                    "ips": null,
                    "nat_addresses": null,
                    "network_name": null,
                    "port_id": "ge-0/0/8",
                    "port_usage": null,
                    "redundancy_state": null,
                    "rx_bytes": 0,
                    "rx_pkts": 0,
                    "servp_info": null,
                    "tx_bytes": 0,
                    "tx_pkts": 0,
                    "up": false,
                    "vlan": null,
                    "wan_name": null,
                    "wan_type": null
                  },
                  "ge-0/0/9.0": {
                    "address_mode": null,
                    "ips": null,
                    "nat_addresses": null,
                    "network_name": null,
                    "port_id": "ge-0/0/9",
                    "port_usage": null,
                    "redundancy_state": null,
                    "rx_bytes": 0,
                    "rx_pkts": 0,
                    "servp_info": null,
                    "tx_bytes": 0,
                    "tx_pkts": 0,
                    "up": false,
                    "vlan": null,
                    "wan_name": null,
                    "wan_type": null
                  },
                  "ge-1/0/0.0": {
                    "address_mode": null,
                    "ips": null,
                    "nat_addresses": null,
                    "network_name": null,
                    "port_id": "ge-1/0/0",
                    "port_usage": null,
                    "redundancy_state": null,
                    "rx_bytes": 0,
                    "rx_pkts": 0,
                    "servp_info": null,
                    "tx_bytes": 0,
                    "tx_pkts": 0,
                    "up": false,
                    "vlan": null,
                    "wan_name": null,
                    "wan_type": null
                  },
                  "ge-1/0/1.0": {
                    "address_mode": null,
                    "ips": null,
                    "nat_addresses": null,
                    "network_name": null,
                    "port_id": "ge-1/0/1",
                    "port_usage": null,
                    "redundancy_state": null,
                    "rx_bytes": 0,
                    "rx_pkts": 0,
                    "servp_info": null,
                    "tx_bytes": 0,
                    "tx_pkts": 0,
                    "up": false,
                    "vlan": null,
                    "wan_name": null,
                    "wan_type": null
                  },
                  "ge-1/0/10.0": {
                    "address_mode": null,
                    "ips": null,
                    "nat_addresses": null,
                    "network_name": null,
                    "port_id": "ge-1/0/10",
                    "port_usage": null,
                    "redundancy_state": null,
                    "rx_bytes": 0,
                    "rx_pkts": 0,
                    "servp_info": null,
                    "tx_bytes": 0,
                    "tx_pkts": 0,
                    "up": false,
                    "vlan": null,
                    "wan_name": null,
                    "wan_type": null
                  },
                  "ge-1/0/11.0": {
                    "address_mode": null,
                    "ips": null,
                    "nat_addresses": null,
                    "network_name": null,
                    "port_id": "ge-1/0/11",
                    "port_usage": null,
                    "redundancy_state": null,
                    "rx_bytes": 0,
                    "rx_pkts": 0,
                    "servp_info": null,
                    "tx_bytes": 0,
                    "tx_pkts": 0,
                    "up": false,
                    "vlan": null,
                    "wan_name": null,
                    "wan_type": null
                  },
                  "ge-1/0/12.0": {
                    "address_mode": null,
                    "ips": null,
                    "nat_addresses": null,
                    "network_name": null,
                    "port_id": "ge-1/0/12",
                    "port_usage": null,
                    "redundancy_state": null,
                    "rx_bytes": 0,
                    "rx_pkts": 0,
                    "servp_info": null,
                    "tx_bytes": 0,
                    "tx_pkts": 0,
                    "up": false,
                    "vlan": null,
                    "wan_name": null,
                    "wan_type": null
                  },
                  "ge-1/0/13.0": {
                    "address_mode": null,
                    "ips": null,
                    "nat_addresses": null,
                    "network_name": null,
                    "port_id": "ge-1/0/13",
                    "port_usage": null,
                    "redundancy_state": null,
                    "rx_bytes": 0,
                    "rx_pkts": 0,
                    "servp_info": null,
                    "tx_bytes": 0,
                    "tx_pkts": 0,
                    "up": false,
                    "vlan": null,
                    "wan_name": null,
                    "wan_type": null
                  },
                  "ge-1/0/14.0": {
                    "address_mode": null,
                    "ips": null,
                    "nat_addresses": null,
                    "network_name": null,
                    "port_id": "ge-1/0/14",
                    "port_usage": null,
                    "redundancy_state": null,
                    "rx_bytes": 0,
                    "rx_pkts": 0,
                    "servp_info": null,
                    "tx_bytes": 0,
                    "tx_pkts": 0,
                    "up": false,
                    "vlan": null,
                    "wan_name": null,
                    "wan_type": null
                  },
                  "ge-1/0/15.0": {
                    "address_mode": null,
                    "ips": null,
                    "nat_addresses": null,
                    "network_name": null,
                    "port_id": "ge-1/0/15",
                    "port_usage": null,
                    "redundancy_state": null,
                    "rx_bytes": 0,
                    "rx_pkts": 0,
                    "servp_info": null,
                    "tx_bytes": 0,
                    "tx_pkts": 0,
                    "up": false,
                    "vlan": null,
                    "wan_name": null,
                    "wan_type": null
                  },
                  "ge-1/0/16.0": {
                    "address_mode": null,
                    "ips": null,
                    "nat_addresses": null,
                    "network_name": null,
                    "port_id": "ge-1/0/16",
                    "port_usage": null,
                    "redundancy_state": null,
                    "rx_bytes": 0,
                    "rx_pkts": 0,
                    "servp_info": null,
                    "tx_bytes": 0,
                    "tx_pkts": 0,
                    "up": false,
                    "vlan": null,
                    "wan_name": null,
                    "wan_type": null
                  },
                  "ge-1/0/17.0": {
                    "address_mode": null,
                    "ips": null,
                    "nat_addresses": null,
                    "network_name": null,
                    "port_id": "ge-1/0/17",
                    "port_usage": null,
                    "redundancy_state": null,
                    "rx_bytes": 0,
                    "rx_pkts": 0,
                    "servp_info": null,
                    "tx_bytes": 0,
                    "tx_pkts": 0,
                    "up": false,
                    "vlan": null,
                    "wan_name": null,
                    "wan_type": null
                  },
                  "ge-1/0/18.0": {
                    "address_mode": null,
                    "ips": null,
                    "nat_addresses": null,
                    "network_name": null,
                    "port_id": "ge-1/0/18",
                    "port_usage": null,
                    "redundancy_state": null,
                    "rx_bytes": 0,
                    "rx_pkts": 0,
                    "servp_info": null,
                    "tx_bytes": 0,
                    "tx_pkts": 0,
                    "up": false,
                    "vlan": null,
                    "wan_name": null,
                    "wan_type": null
                  },
                  "ge-1/0/19.0": {
                    "address_mode": null,
                    "ips": null,
                    "nat_addresses": null,
                    "network_name": null,
                    "port_id": "ge-1/0/19",
                    "port_usage": null,
                    "redundancy_state": null,
                    "rx_bytes": 0,
                    "rx_pkts": 0,
                    "servp_info": null,
                    "tx_bytes": 0,
                    "tx_pkts": 0,
                    "up": false,
                    "vlan": null,
                    "wan_name": null,
                    "wan_type": null
                  },
                  "ge-1/0/2.0": {
                    "address_mode": null,
                    "ips": null,
                    "nat_addresses": null,
                    "network_name": null,
                    "port_id": "ge-1/0/2",
                    "port_usage": null,
                    "redundancy_state": null,
                    "rx_bytes": 0,
                    "rx_pkts": 0,
                    "servp_info": null,
                    "tx_bytes": 0,
                    "tx_pkts": 0,
                    "up": false,
                    "vlan": null,
                    "wan_name": null,
                    "wan_type": null
                  },
                  "ge-1/0/20.0": {
                    "address_mode": null,
                    "ips": null,
                    "nat_addresses": null,
                    "network_name": null,
                    "port_id": "ge-1/0/20",
                    "port_usage": null,
                    "redundancy_state": null,
                    "rx_bytes": 0,
                    "rx_pkts": 0,
                    "servp_info": null,
                    "tx_bytes": 0,
                    "tx_pkts": 0,
                    "up": false,
                    "vlan": null,
                    "wan_name": null,
                    "wan_type": null
                  },
                  "ge-1/0/21.0": {
                    "address_mode": null,
                    "ips": null,
                    "nat_addresses": null,
                    "network_name": null,
                    "port_id": "ge-1/0/21",
                    "port_usage": null,
                    "redundancy_state": null,
                    "rx_bytes": 0,
                    "rx_pkts": 0,
                    "servp_info": null,
                    "tx_bytes": 0,
                    "tx_pkts": 0,
                    "up": false,
                    "vlan": null,
                    "wan_name": null,
                    "wan_type": null
                  },
                  "ge-1/0/22.0": {
                    "address_mode": null,
                    "ips": null,
                    "nat_addresses": null,
                    "network_name": null,
                    "port_id": "ge-1/0/22",
                    "port_usage": null,
                    "redundancy_state": null,
                    "rx_bytes": 0,
                    "rx_pkts": 0,
                    "servp_info": null,
                    "tx_bytes": 0,
                    "tx_pkts": 0,
                    "up": false,
                    "vlan": null,
                    "wan_name": null,
                    "wan_type": null
                  },
                  "ge-1/0/23.0": {
                    "address_mode": null,
                    "ips": null,
                    "nat_addresses": null,
                    "network_name": null,
                    "port_id": "ge-1/0/23",
                    "port_usage": null,
                    "redundancy_state": null,
                    "rx_bytes": 0,
                    "rx_pkts": 0,
                    "servp_info": null,
                    "tx_bytes": 0,
                    "tx_pkts": 0,
                    "up": false,
                    "vlan": null,
                    "wan_name": null,
                    "wan_type": null
                  },
                  "ge-1/0/24.0": {
                    "address_mode": null,
                    "ips": null,
                    "nat_addresses": null,
                    "network_name": null,
                    "port_id": "ge-1/0/24",
                    "port_usage": null,
                    "redundancy_state": null,
                    "rx_bytes": 12622585,
                    "rx_pkts": 74115,
                    "servp_info": null,
                    "tx_bytes": 224003265,
                    "tx_pkts": 438810,
                    "up": true,
                    "vlan": null,
                    "wan_name": null,
                    "wan_type": null
                  },
                  "ge-1/0/25.0": {
                    "address_mode": null,
                    "ips": null,
                    "nat_addresses": null,
                    "network_name": null,
                    "port_id": "ge-1/0/25",
                    "port_usage": null,
                    "redundancy_state": null,
                    "rx_bytes": 0,
                    "rx_pkts": 0,
                    "servp_info": null,
                    "tx_bytes": 0,
                    "tx_pkts": 0,
                    "up": false,
                    "vlan": null,
                    "wan_name": null,
                    "wan_type": null
                  },
                  "ge-1/0/26.0": {
                    "address_mode": null,
                    "ips": null,
                    "nat_addresses": null,
                    "network_name": null,
                    "port_id": "ge-1/0/26",
                    "port_usage": null,
                    "redundancy_state": null,
                    "rx_bytes": 0,
                    "rx_pkts": 0,
                    "servp_info": null,
                    "tx_bytes": 0,
                    "tx_pkts": 0,
                    "up": false,
                    "vlan": null,
                    "wan_name": null,
                    "wan_type": null
                  },
                  "ge-1/0/27.0": {
                    "address_mode": null,
                    "ips": null,
                    "nat_addresses": null,
                    "network_name": null,
                    "port_id": "ge-1/0/27",
                    "port_usage": null,
                    "redundancy_state": null,
                    "rx_bytes": 0,
                    "rx_pkts": 0,
                    "servp_info": null,
                    "tx_bytes": 0,
                    "tx_pkts": 0,
                    "up": false,
                    "vlan": null,
                    "wan_name": null,
                    "wan_type": null
                  },
                  "ge-1/0/28.0": {
                    "address_mode": null,
                    "ips": null,
                    "nat_addresses": null,
                    "network_name": null,
                    "port_id": "ge-1/0/28",
                    "port_usage": null,
                    "redundancy_state": null,
                    "rx_bytes": 0,
                    "rx_pkts": 0,
                    "servp_info": null,
                    "tx_bytes": 0,
                    "tx_pkts": 0,
                    "up": false,
                    "vlan": null,
                    "wan_name": null,
                    "wan_type": null
                  },
                  "ge-1/0/29.0": {
                    "address_mode": null,
                    "ips": null,
                    "nat_addresses": null,
                    "network_name": null,
                    "port_id": "ge-1/0/29",
                    "port_usage": null,
                    "redundancy_state": null,
                    "rx_bytes": 0,
                    "rx_pkts": 0,
                    "servp_info": null,
                    "tx_bytes": 0,
                    "tx_pkts": 0,
                    "up": false,
                    "vlan": null,
                    "wan_name": null,
                    "wan_type": null
                  },
                  "ge-1/0/3.0": {
                    "address_mode": null,
                    "ips": null,
                    "nat_addresses": null,
                    "network_name": null,
                    "port_id": "ge-1/0/3",
                    "port_usage": null,
                    "redundancy_state": null,
                    "rx_bytes": 0,
                    "rx_pkts": 0,
                    "servp_info": null,
                    "tx_bytes": 0,
                    "tx_pkts": 0,
                    "up": false,
                    "vlan": null,
                    "wan_name": null,
                    "wan_type": null
                  },
                  "ge-1/0/30.0": {
                    "address_mode": null,
                    "ips": null,
                    "nat_addresses": null,
                    "network_name": null,
                    "port_id": "ge-1/0/30",
                    "port_usage": null,
                    "redundancy_state": null,
                    "rx_bytes": 0,
                    "rx_pkts": 0,
                    "servp_info": null,
                    "tx_bytes": 0,
                    "tx_pkts": 0,
                    "up": false,
                    "vlan": null,
                    "wan_name": null,
                    "wan_type": null
                  },
                  "ge-1/0/31.0": {
                    "address_mode": null,
                    "ips": null,
                    "nat_addresses": null,
                    "network_name": null,
                    "port_id": "ge-1/0/31",
                    "port_usage": null,
                    "redundancy_state": null,
                    "rx_bytes": 0,
                    "rx_pkts": 0,
                    "servp_info": null,
                    "tx_bytes": 0,
                    "tx_pkts": 0,
                    "up": false,
                    "vlan": null,
                    "wan_name": null,
                    "wan_type": null
                  },
                  "ge-1/0/32.0": {
                    "address_mode": null,
                    "ips": null,
                    "nat_addresses": null,
                    "network_name": null,
                    "port_id": "ge-1/0/32",
                    "port_usage": null,
                    "redundancy_state": null,
                    "rx_bytes": 0,
                    "rx_pkts": 0,
                    "servp_info": null,
                    "tx_bytes": 0,
                    "tx_pkts": 0,
                    "up": false,
                    "vlan": null,
                    "wan_name": null,
                    "wan_type": null
                  },
                  "ge-1/0/33.0": {
                    "address_mode": null,
                    "ips": null,
                    "nat_addresses": null,
                    "network_name": null,
                    "port_id": "ge-1/0/33",
                    "port_usage": null,
                    "redundancy_state": null,
                    "rx_bytes": 0,
                    "rx_pkts": 0,
                    "servp_info": null,
                    "tx_bytes": 0,
                    "tx_pkts": 0,
                    "up": false,
                    "vlan": null,
                    "wan_name": null,
                    "wan_type": null
                  },
                  "ge-1/0/34.0": {
                    "address_mode": null,
                    "ips": null,
                    "nat_addresses": null,
                    "network_name": null,
                    "port_id": "ge-1/0/34",
                    "port_usage": null,
                    "redundancy_state": null,
                    "rx_bytes": 0,
                    "rx_pkts": 0,
                    "servp_info": null,
                    "tx_bytes": 0,
                    "tx_pkts": 0,
                    "up": false,
                    "vlan": null,
                    "wan_name": null,
                    "wan_type": null
                  },
                  "ge-1/0/35.0": {
                    "address_mode": null,
                    "ips": null,
                    "nat_addresses": null,
                    "network_name": null,
                    "port_id": "ge-1/0/35",
                    "port_usage": null,
                    "redundancy_state": null,
                    "rx_bytes": 0,
                    "rx_pkts": 0,
                    "servp_info": null,
                    "tx_bytes": 0,
                    "tx_pkts": 0,
                    "up": false,
                    "vlan": null,
                    "wan_name": null,
                    "wan_type": null
                  },
                  "ge-1/0/36.0": {
                    "address_mode": null,
                    "ips": null,
                    "nat_addresses": null,
                    "network_name": null,
                    "port_id": "ge-1/0/36",
                    "port_usage": null,
                    "redundancy_state": null,
                    "rx_bytes": 152813846,
                    "rx_pkts": 812578,
                    "servp_info": null,
                    "tx_bytes": 309726574,
                    "tx_pkts": 607728,
                    "up": true,
                    "vlan": null,
                    "wan_name": null,
                    "wan_type": null
                  },
                  "ge-1/0/37.0": {
                    "address_mode": null,
                    "ips": null,
                    "nat_addresses": null,
                    "network_name": null,
                    "port_id": "ge-1/0/37",
                    "port_usage": null,
                    "redundancy_state": null,
                    "rx_bytes": 0,
                    "rx_pkts": 0,
                    "servp_info": null,
                    "tx_bytes": 0,
                    "tx_pkts": 0,
                    "up": false,
                    "vlan": null,
                    "wan_name": null,
                    "wan_type": null
                  },
                  "ge-1/0/38.0": {
                    "address_mode": null,
                    "ips": null,
                    "nat_addresses": null,
                    "network_name": null,
                    "port_id": "ge-1/0/38",
                    "port_usage": null,
                    "redundancy_state": null,
                    "rx_bytes": 0,
                    "rx_pkts": 0,
                    "servp_info": null,
                    "tx_bytes": 0,
                    "tx_pkts": 0,
                    "up": false,
                    "vlan": null,
                    "wan_name": null,
                    "wan_type": null
                  },
                  "ge-1/0/39.0": {
                    "address_mode": null,
                    "ips": null,
                    "nat_addresses": null,
                    "network_name": null,
                    "port_id": "ge-1/0/39",
                    "port_usage": null,
                    "redundancy_state": null,
                    "rx_bytes": 0,
                    "rx_pkts": 0,
                    "servp_info": null,
                    "tx_bytes": 0,
                    "tx_pkts": 0,
                    "up": false,
                    "vlan": null,
                    "wan_name": null,
                    "wan_type": null
                  },
                  "ge-1/0/4.0": {
                    "address_mode": null,
                    "ips": null,
                    "nat_addresses": null,
                    "network_name": null,
                    "port_id": "ge-1/0/4",
                    "port_usage": null,
                    "redundancy_state": null,
                    "rx_bytes": 181353470,
                    "rx_pkts": 436754,
                    "servp_info": null,
                    "tx_bytes": 213982955,
                    "tx_pkts": 419628,
                    "up": true,
                    "vlan": null,
                    "wan_name": null,
                    "wan_type": null
                  },
                  "ge-1/0/40.0": {
                    "address_mode": null,
                    "ips": null,
                    "nat_addresses": null,
                    "network_name": null,
                    "port_id": "ge-1/0/40",
                    "port_usage": null,
                    "redundancy_state": null,
                    "rx_bytes": 0,
                    "rx_pkts": 0,
                    "servp_info": null,
                    "tx_bytes": 0,
                    "tx_pkts": 0,
                    "up": false,
                    "vlan": null,
                    "wan_name": null,
                    "wan_type": null
                  },
                  "ge-1/0/41.0": {
                    "address_mode": null,
                    "ips": null,
                    "nat_addresses": null,
                    "network_name": null,
                    "port_id": "ge-1/0/41",
                    "port_usage": null,
                    "redundancy_state": null,
                    "rx_bytes": 0,
                    "rx_pkts": 0,
                    "servp_info": null,
                    "tx_bytes": 0,
                    "tx_pkts": 0,
                    "up": false,
                    "vlan": null,
                    "wan_name": null,
                    "wan_type": null
                  },
                  "ge-1/0/42.0": {
                    "address_mode": null,
                    "ips": null,
                    "nat_addresses": null,
                    "network_name": null,
                    "port_id": "ge-1/0/42",
                    "port_usage": null,
                    "redundancy_state": null,
                    "rx_bytes": 1589276125,
                    "rx_pkts": 4627471,
                    "servp_info": null,
                    "tx_bytes": 218163268,
                    "tx_pkts": 428872,
                    "up": true,
                    "vlan": null,
                    "wan_name": null,
                    "wan_type": null
                  },
                  "ge-1/0/43.0": {
                    "address_mode": null,
                    "ips": null,
                    "nat_addresses": null,
                    "network_name": null,
                    "port_id": "ge-1/0/43",
                    "port_usage": null,
                    "redundancy_state": null,
                    "rx_bytes": 0,
                    "rx_pkts": 0,
                    "servp_info": null,
                    "tx_bytes": 0,
                    "tx_pkts": 0,
                    "up": false,
                    "vlan": null,
                    "wan_name": null,
                    "wan_type": null
                  },
                  "ge-1/0/44.0": {
                    "address_mode": null,
                    "ips": null,
                    "nat_addresses": null,
                    "network_name": null,
                    "port_id": "ge-1/0/44",
                    "port_usage": null,
                    "redundancy_state": null,
                    "rx_bytes": 119923824,
                    "rx_pkts": 716080,
                    "servp_info": null,
                    "tx_bytes": 251600639,
                    "tx_pkts": 495165,
                    "up": true,
                    "vlan": null,
                    "wan_name": null,
                    "wan_type": null
                  },
                  "ge-1/0/45.0": {
                    "address_mode": null,
                    "ips": null,
                    "nat_addresses": null,
                    "network_name": null,
                    "port_id": "ge-1/0/45",
                    "port_usage": null,
                    "redundancy_state": null,
                    "rx_bytes": 0,
                    "rx_pkts": 0,
                    "servp_info": null,
                    "tx_bytes": 0,
                    "tx_pkts": 0,
                    "up": false,
                    "vlan": null,
                    "wan_name": null,
                    "wan_type": null
                  },
                  "ge-1/0/46.0": {
                    "address_mode": null,
                    "ips": null,
                    "nat_addresses": null,
                    "network_name": null,
                    "port_id": "ge-1/0/46",
                    "port_usage": null,
                    "redundancy_state": null,
                    "rx_bytes": 0,
                    "rx_pkts": 0,
                    "servp_info": null,
                    "tx_bytes": 0,
                    "tx_pkts": 0,
                    "up": false,
                    "vlan": null,
                    "wan_name": null,
                    "wan_type": null
                  },
                  "ge-1/0/47.0": {
                    "address_mode": null,
                    "ips": null,
                    "nat_addresses": null,
                    "network_name": null,
                    "port_id": "ge-1/0/47",
                    "port_usage": null,
                    "redundancy_state": null,
                    "rx_bytes": 0,
                    "rx_pkts": 0,
                    "servp_info": null,
                    "tx_bytes": 0,
                    "tx_pkts": 0,
                    "up": false,
                    "vlan": null,
                    "wan_name": null,
                    "wan_type": null
                  },
                  "ge-1/0/5.0": {
                    "address_mode": null,
                    "ips": null,
                    "nat_addresses": null,
                    "network_name": null,
                    "port_id": "ge-1/0/5",
                    "port_usage": null,
                    "redundancy_state": null,
                    "rx_bytes": 0,
                    "rx_pkts": 0,
                    "servp_info": null,
                    "tx_bytes": 0,
                    "tx_pkts": 0,
                    "up": false,
                    "vlan": null,
                    "wan_name": null,
                    "wan_type": null
                  },
                  "ge-1/0/6.0": {
                    "address_mode": null,
                    "ips": null,
                    "nat_addresses": null,
                    "network_name": null,
                    "port_id": "ge-1/0/6",
                    "port_usage": null,
                    "redundancy_state": null,
                    "rx_bytes": 0,
                    "rx_pkts": 0,
                    "servp_info": null,
                    "tx_bytes": 0,
                    "tx_pkts": 0,
                    "up": false,
                    "vlan": null,
                    "wan_name": null,
                    "wan_type": null
                  },
                  "ge-1/0/7.0": {
                    "address_mode": null,
                    "ips": null,
                    "nat_addresses": null,
                    "network_name": null,
                    "port_id": "ge-1/0/7",
                    "port_usage": null,
                    "redundancy_state": null,
                    "rx_bytes": 0,
                    "rx_pkts": 0,
                    "servp_info": null,
                    "tx_bytes": 0,
                    "tx_pkts": 0,
                    "up": false,
                    "vlan": null,
                    "wan_name": null,
                    "wan_type": null
                  },
                  "ge-1/0/8.0": {
                    "address_mode": null,
                    "ips": null,
                    "nat_addresses": null,
                    "network_name": null,
                    "port_id": "ge-1/0/8",
                    "port_usage": null,
                    "redundancy_state": null,
                    "rx_bytes": 0,
                    "rx_pkts": 0,
                    "servp_info": null,
                    "tx_bytes": 0,
                    "tx_pkts": 0,
                    "up": false,
                    "vlan": null,
                    "wan_name": null,
                    "wan_type": null
                  },
                  "ge-1/0/9.0": {
                    "address_mode": null,
                    "ips": null,
                    "nat_addresses": null,
                    "network_name": null,
                    "port_id": "ge-1/0/9",
                    "port_usage": null,
                    "redundancy_state": null,
                    "rx_bytes": 0,
                    "rx_pkts": 0,
                    "servp_info": null,
                    "tx_bytes": 0,
                    "tx_pkts": 0,
                    "up": false,
                    "vlan": null,
                    "wan_name": null,
                    "wan_type": null
                  },
                  "irb.0": {
                    "address_mode": null,
                    "ips": [
                      "10.100.0.74/23"
                    ],
                    "nat_addresses": null,
                    "network_name": null,
                    "port_id": "irb",
                    "port_usage": null,
                    "redundancy_state": null,
                    "rx_bytes": 3658913739,
                    "rx_pkts": 50191676,
                    "servp_info": {
                      "asn": null,
                      "city": null,
                      "country_code": null,
                      "latitude": null,
                      "longitude": null,
                      "org": null,
                      "region_code": null
                    },
                    "tx_bytes": 110047529372,
                    "tx_pkts": 133628454,
                    "up": true,
                    "vlan": 1,
                    "wan_name": null,
                    "wan_type": null
                  },
                  "lo0.0": {
                    "address_mode": null,
                    "ips": null,
                    "nat_addresses": null,
                    "network_name": null,
                    "port_id": "lo0",
                    "port_usage": null,
                    "redundancy_state": null,
                    "rx_bytes": 2284880,
                    "rx_pkts": 57122,
                    "servp_info": null,
                    "tx_bytes": 2284880,
                    "tx_pkts": 57122,
                    "up": true,
                    "vlan": null,
                    "wan_name": null,
                    "wan_type": null
                  },
                  "lo0.16385": {
                    "address_mode": null,
                    "ips": null,
                    "nat_addresses": null,
                    "network_name": null,
                    "port_id": "lo0",
                    "port_usage": null,
                    "redundancy_state": null,
                    "rx_bytes": 62686507405,
                    "rx_pkts": 494132156,
                    "servp_info": null,
                    "tx_bytes": 62686507405,
                    "tx_pkts": 494132156,
                    "up": true,
                    "vlan": null,
                    "wan_name": null,
                    "wan_type": null
                  },
                  "me0.0": {
                    "address_mode": null,
                    "ips": null,
                    "nat_addresses": null,
                    "network_name": null,
                    "port_id": "me0",
                    "port_usage": null,
                    "redundancy_state": null,
                    "rx_bytes": 0,
                    "rx_pkts": 0,
                    "servp_info": null,
                    "tx_bytes": 0,
                    "tx_pkts": 0,
                    "up": false,
                    "vlan": null,
                    "wan_name": null,
                    "wan_type": null
                  },
                  "vme.0": {
                    "address_mode": null,
                    "ips": null,
                    "nat_addresses": null,
                    "network_name": null,
                    "port_id": "vme",
                    "port_usage": null,
                    "redundancy_state": null,
                    "rx_bytes": 0,
                    "rx_pkts": 0,
                    "servp_info": null,
                    "tx_bytes": 0,
                    "tx_pkts": 0,
                    "up": false,
                    "vlan": null,
                    "wan_name": null,
                    "wan_type": null
                  }
                },
                "ip": "10.100.0.74",
                "ip_stat": {
                  "dhcp_server": null,
                  "dns": null,
                  "dns_suffix": null,
                  "gateway": "10.100.0.1",
                  "gateway6": null,
                  "ip": "10.100.0.74",
                  "ip6": null,
                  "ips": {
                    "vlan1": "10.100.0.74"
                  },
                  "netmask": "255.255.255.255",
                  "netmask6": null
                },
                "last_seen": 1720867896,
                "last_trouble": {
                  "code": "104",
                  "timestamp": 1719540612774
                },
                "mac": "d0dd4991652d",
                "mac_table_stats": {
                  "mac_table_count": 44,
                  "max_mac_entries_supported": 16000
                },
                "map_id": "21f849d4-d12f-4feb-b40f-5be0e2aef8cf",
                "memory_stat": {
                  "usage": 22
                },
                "model": "EX2300-48P",
                "modified_time": 1717019005,
                "module_stat": [
                  {
                    "backup_version": "21.4R3.15",
                    "bios_version": "",
                    "cpld_version": "6",
                    "errors": null,
                    "fans": [
                      {
                        "airflow": "out",
                        "name": "Fan Tray 0 Fan 0",
                        "status": "ok"
                      },
                      {
                        "airflow": "out",
                        "name": "Fan Tray 1 Fan 0",
                        "status": "ok"
                      }
                    ],
                    "fpc_idx": 0,
                    "fpga_version": "",
                    "last_seen": null,
                    "model": "EX2300-48P",
                    "optics_cpld_version": "",
                    "pending_version": "",
                    "pics": [
                      {
                        "index": 0,
                        "model_number": "EX2300-48P",
                        "port_groups": [
                          {
                            "count": 48,
                            "type": "GE"
                          }
                        ]
                      },
                      {
                        "index": 1,
                        "model_number": "EX2300-48P",
                        "port_groups": [
                          {
                            "count": 4,
                            "type": "SFP/SFP+"
                          }
                        ]
                      }
                    ],
                    "poe": {
                      "max_power": 750,
                      "power_draw": 29.8
                    },
                    "poe_version": "2.1.1.19.3 (type1)",
                    "power_cpld_version": "",
                    "psus": [
                      {
                        "name": "Power Supply 0",
                        "status": "ok"
                      }
                    ],
                    "re_fpga_version": "",
                    "recovery_version": "18.1R3.3",
                    "serial": "JW3619300157",
                    "status": null,
                    "temperatures": [
                      {
                        "celsius": 41,
                        "name": "CPU Sensor",
                        "status": "ok"
                      },
                      {
                        "celsius": 39,
                        "name": "PSU Sensor",
                        "status": "ok"
                      }
                    ],
                    "tmc_fpga_version": "",
                    "uboot_version": "U-Boot 2016.01-rc1 (Nov 11 2016 - 14:26:00 -0800)  1.3.2",
                    "uptime": 11640540,
                    "vc_links": [
                      {
                        "neighbor_module_idx": 1,
                        "neighbor_port_id": "vcp-1/1/0",
                        "port_id": "vcp-0/1/0"
                      }
                    ],
                    "vc_mode": "HiGiG",
                    "vc_role": "master",
                    "vc_state": "present",
                    "version": "21.4R3-S4.18"
                  },
                  {
                    "backup_version": "21.4R3.15",
                    "bios_version": "",
                    "cpld_version": "6",
                    "errors": null,
                    "fans": [
                      {
                        "airflow": "out",
                        "name": "Fan Tray 0 Fan 0",
                        "status": "ok"
                      },
                      {
                        "airflow": "out",
                        "name": "Fan Tray 1 Fan 0",
                        "status": "ok"
                      }
                    ],
                    "fpc_idx": 1,
                    "fpga_version": "",
                    "last_seen": null,
                    "model": "EX2300-48P",
                    "optics_cpld_version": "",
                    "pending_version": "",
                    "pics": [
                      {
                        "index": 0,
                        "model_number": "EX2300-48P",
                        "port_groups": [
                          {
                            "count": 48,
                            "type": "GE"
                          }
                        ]
                      },
                      {
                        "index": 1,
                        "model_number": "EX2300-48P",
                        "port_groups": [
                          {
                            "count": 4,
                            "type": "SFP/SFP+"
                          }
                        ]
                      }
                    ],
                    "poe": {
                      "max_power": 750,
                      "power_draw": 28
                    },
                    "poe_version": "2.1.1.19.3 (type1)",
                    "power_cpld_version": "",
                    "psus": [
                      {
                        "name": "Power Supply 0",
                        "status": "ok"
                      }
                    ],
                    "re_fpga_version": "",
                    "recovery_version": "18.1R3.3",
                    "serial": "JW3619300922",
                    "status": null,
                    "temperatures": [
                      {
                        "celsius": 44,
                        "name": "CPU Sensor",
                        "status": "ok"
                      },
                      {
                        "celsius": 40,
                        "name": "PSU Sensor",
                        "status": "ok"
                      }
                    ],
                    "tmc_fpga_version": "",
                    "uboot_version": "U-Boot 2016.01-rc1 (Nov 11 2016 - 14:26:00 -0800)  1.3.2",
                    "uptime": 11640540,
                    "vc_links": [
                      {
                        "neighbor_module_idx": 0,
                        "neighbor_port_id": "vcp-0/1/0",
                        "port_id": "vcp-1/1/0"
                      }
                    ],
                    "vc_mode": "HiGiG",
                    "vc_role": "backup",
                    "vc_state": "present",
                    "version": "21.4R3-S4.18"
                  }
                ],
                "name": "ld-cup-idf-d-VC",
                "org_id": "9777c1a0-6ef6-11e6-8bbf-02e208b2d34f",
                "route_summary_stats": {
                  "fib_routes": 2,
                  "max_unicast_routes_supported": 4096,
                  "rib_routes": 12,
                  "total_routes": 3
                },
                "serial": "JW3619300922",
                "service_stat": {},
                "site_id": "978c48e6-6ef6-11e6-8bbf-02e208b2d34f",
                "status": "connected",
                "uptime": 11640499,
                "vc_mac": "d0dd4991652d",
                "vc_setup_info": {
                  "config_type": "nonprovisioned",
                  "err_missing_dev_id_fpc": false
                },
                "version": "21.4R3-S4.18"
              },
              {
                "ap_redundancy": null,
                "arp_table_stats": {
                  "arp_table_count": 5,
                  "max_entries_supported": 24000
                },
                "cert_expiry": null,
                "clients": [
                  {
                    "device_mac": "c0bfa701fda0",
                    "hostname": null,
                    "mac": "fc334262f980",
                    "port_id": "mge-0/0/23"
                  },
                  {
                    "device_mac": "c0bfa701fda0",
                    "hostname": null,
                    "mac": "c0bfa7017894",
                    "port_id": "mge-0/0/19"
                  },
                  {
                    "device_mac": "c0bfa701fda0",
                    "hostname": null,
                    "mac": "c0bfa70222a0",
                    "port_id": "mge-0/0/20"
                  },
                  {
                    "device_mac": "c0bfa701fda0",
                    "hostname": null,
                    "mac": "c0bfa701fe20",
                    "port_id": "mge-0/0/21,mge-0/0/22"
                  }
                ],
                "clients_stats": {
                  "total": {
                    "num_aps": [
                      0
                    ],
                    "num_wired_clients": 4
                  }
                },
                "config_status": "COMMITED",
                "cpu_stat": {
                  "idle": 94,
                  "interrupt": 0,
                  "load_avg": [
                    0.32,
                    0.32,
                    0.31
                  ],
                  "system": 1,
                  "user": 5
                },
                "created_time": 1720566567,
                "deviceprofile_id": null,
                "dhcpd_stat": {},
                "evpntopo_id": "1bec640e-eaac-4214-8954-58adfb008b52",
                "fw_versions_outofsync": false,
                "fwupdate": null,
                "has_pcap": false,
                "hostname": "CORE2",
                "hw_rev": "M",
                "id": "00000000-0000-0000-1000-c0bfa701fda0",
                "if_stat": {
                  "irb.0": {
                    "address_mode": null,
                    "ips": [
                      "10.10.10.57/24"
                    ],
                    "nat_addresses": null,
                    "network_name": null,
                    "port_id": "irb",
                    "port_usage": null,
                    "redundancy_state": null,
                    "rx_bytes": 1093516082,
                    "rx_pkts": 4185532,
                    "servp_info": {
                      "asn": null,
                      "city": null,
                      "country_code": null,
                      "latitude": null,
                      "longitude": null,
                      "org": null,
                      "region_code": null
                    },
                    "tx_bytes": 526178068,
                    "tx_pkts": 748547,
                    "up": true,
                    "vlan": 1,
                    "wan_name": null,
                    "wan_type": null
                  },
                  "lo0.0": {
                    "address_mode": null,
                    "ips": [
                      "172.16.254.1/0"
                    ],
                    "nat_addresses": null,
                    "network_name": null,
                    "port_id": "lo0",
                    "port_usage": null,
                    "redundancy_state": null,
                    "rx_bytes": 4876440,
                    "rx_pkts": 23604,
                    "servp_info": {
                      "asn": null,
                      "city": null,
                      "country_code": null,
                      "latitude": null,
                      "longitude": null,
                      "org": null,
                      "region_code": null
                    },
                    "tx_bytes": 4876440,
                    "tx_pkts": 23604,
                    "up": true,
                    "vlan": null,
                    "wan_name": null,
                    "wan_type": null
                  },
                  "lo0.16384": {
                    "address_mode": null,
                    "ips": [
                      "127.0.0.1/0"
                    ],
                    "nat_addresses": null,
                    "network_name": null,
                    "port_id": "lo0",
                    "port_usage": null,
                    "redundancy_state": null,
                    "rx_bytes": 0,
                    "rx_pkts": 0,
                    "servp_info": {
                      "asn": null,
                      "city": null,
                      "country_code": null,
                      "latitude": null,
                      "longitude": null,
                      "org": null,
                      "region_code": null
                    },
                    "tx_bytes": 0,
                    "tx_pkts": 0,
                    "up": true,
                    "vlan": null,
                    "wan_name": null,
                    "wan_type": null
                  },
                  "lo0.16385": {
                    "address_mode": null,
                    "ips": null,
                    "nat_addresses": null,
                    "network_name": null,
                    "port_id": "lo0",
                    "port_usage": null,
                    "redundancy_state": null,
                    "rx_bytes": 1864043270,
                    "rx_pkts": 15908355,
                    "servp_info": null,
                    "tx_bytes": 1864040002,
                    "tx_pkts": 15908349,
                    "up": true,
                    "vlan": null,
                    "wan_name": null,
                    "wan_type": null
                  },
                  "me0.0": {
                    "address_mode": null,
                    "ips": null,
                    "nat_addresses": null,
                    "network_name": null,
                    "port_id": "me0",
                    "port_usage": null,
                    "redundancy_state": null,
                    "rx_bytes": 0,
                    "rx_pkts": 0,
                    "servp_info": null,
                    "tx_bytes": 0,
                    "tx_pkts": 0,
                    "up": false,
                    "vlan": null,
                    "wan_name": null,
                    "wan_type": null
                  },
                  "vme.0": {
                    "address_mode": null,
                    "ips": null,
                    "nat_addresses": null,
                    "network_name": null,
                    "port_id": "vme",
                    "port_usage": null,
                    "redundancy_state": null,
                    "rx_bytes": 0,
                    "rx_pkts": 0,
                    "servp_info": null,
                    "tx_bytes": 0,
                    "tx_pkts": 0,
                    "up": false,
                    "vlan": null,
                    "wan_name": null,
                    "wan_type": null
                  }
                },
                "ip": "172.16.254.1",
                "ip_stat": {
                  "dhcp_server": null,
                  "dns": null,
                  "dns_suffix": null,
                  "gateway": "10.10.10.1",
                  "gateway6": null,
                  "ip": "10.10.10.57",
                  "ip6": null,
                  "ips": {
                    "vlan1": "10.10.10.57,172.16.254.1,127.0.0.1"
                  },
                  "netmask": "255.255.255.255",
                  "netmask6": null
                },
                "last_seen": 1720867902,
                "last_trouble": {
                  "code": "104",
                  "timestamp": 1720568143916
                },
                "mac": "c0bfa701fda0",
                "mac_table_stats": {
                  "mac_table_count": 8,
                  "max_mac_entries_supported": 112000
                },
                "map_id": null,
                "memory_stat": {
                  "usage": 18
                },
                "model": "EX4400-24MP",
                "modified_time": 1720569339,
                "module_stat": [
                  {
                    "backup_version": "21.2R2-S1.5",
                    "bios_version": "CDEN_P_EX0_00.12.01.01",
                    "cpld_version": "",
                    "errors": null,
                    "fans": [
                      {
                        "airflow": "out",
                        "name": "FPC 0 Fan Tray 0 Fan 0",
                        "status": "ok"
                      },
                      {
                        "airflow": "out",
                        "name": "FPC 0 Fan Tray 0 Fan 1",
                        "status": "ok"
                      },
                      {
                        "airflow": "out",
                        "name": "FPC 0 Fan Tray 1 Fan 0",
                        "status": "ok"
                      },
                      {
                        "airflow": "out",
                        "name": "FPC 0 Fan Tray 1 Fan 1",
                        "status": "ok"
                      }
                    ],
                    "fpc_idx": 0,
                    "fpga_version": "",
                    "last_seen": null,
                    "model": "EX4400-24MP",
                    "optics_cpld_version": "",
                    "pending_version": "",
                    "pics": [
                      {
                        "index": 0,
                        "model_number": "EX4400-24MP-S",
                        "port_groups": [
                          {
                            "count": 24,
                            "type": "GE"
                          }
                        ]
                      },
                      {
                        "index": 1,
                        "model_number": "EX4400-24MP-S",
                        "port_groups": [
                          {
                            "count": 2,
                            "type": "QSFP28"
                          }
                        ]
                      }
                    ],
                    "poe": {
                      "max_power": 753,
                      "power_draw": 0
                    },
                    "poe_version": "3.4.9.0.27 (type1)",
                    "power_cpld_version": "",
                    "psus": [
                      {
                        "name": "Power Supply 0",
                        "status": "ok"
                      },
                      {
                        "name": "Power Supply 1",
                        "status": "absent"
                      }
                    ],
                    "re_fpga_version": "",
                    "recovery_version": "",
                    "serial": "ZG4320440040",
                    "status": null,
                    "temperatures": [
                      {
                        "celsius": 31,
                        "name": "Main Board Sensor 1",
                        "status": "ok"
                      },
                      {
                        "celsius": 28,
                        "name": "Main Board Sensor 2",
                        "status": "ok"
                      },
                      {
                        "celsius": 27,
                        "name": "Main Board Sensor 3",
                        "status": "ok"
                      },
                      {
                        "celsius": 24,
                        "name": "Main Board Sensor 4",
                        "status": "ok"
                      },
                      {
                        "celsius": 21,
                        "name": "Main Board Sensor 5",
                        "status": "ok"
                      },
                      {
                        "celsius": 24,
                        "name": "Main Board Sensor 6",
                        "status": "ok"
                      },
                      {
                        "celsius": 37,
                        "name": "PFE Die Sensor",
                        "status": "ok"
                      },
                      {
                        "celsius": 35,
                        "name": "CPU Die Sensor",
                        "status": "ok"
                      }
                    ],
                    "tmc_fpga_version": "",
                    "uboot_version": "",
                    "uptime": 300480,
                    "vc_links": [],
                    "vc_mode": "HiGiG",
                    "vc_role": "master",
                    "vc_state": "present",
                    "version": "22.4R3.25"
                  }
                ],
                "name": "CORE2",
                "org_id": "9777c1a0-6ef6-11e6-8bbf-02e208b2d34f",
                "route_summary_stats": {
                  "fib_routes": 11,
                  "max_unicast_routes_supported": 81000,
                  "rib_routes": 171,
                  "total_routes": 13
                },
                "serial": "ZG4320440040",
                "service_stat": {},
                "site_id": "abe3b357-fd9d-4af3-b76b-5ab740942289",
                "status": "connected",
                "uptime": 300498,
                "vc_mac": null,
                "vc_setup_info": {
                  "config_type": "nonprovisioned",
                  "err_missing_dev_id_fpc": false
                },
                "version": "22.4R3.25"
              },
              {
                "ap_redundancy": null,
                "arp_table_stats": {
                  "arp_table_count": 6,
                  "max_entries_supported": 16000
                },
                "cert_expiry": 1750389968,
                "clients": [
                  {
                    "device_mac": "fc3342aba365",
                    "hostname": null,
                    "mac": "bc0ffefb6644",
                    "port_id": "ge-1/0/0"
                  },
                  {
                    "device_mac": "fc3342aba365",
                    "hostname": null,
                    "mac": "fc3342ab955e",
                    "port_id": "ge-0/0/0"
                  }
                ],
                "clients_stats": {
                  "total": {
                    "num_aps": [
                      0,
                      0,
                      0
                    ],
                    "num_wired_clients": 2
                  }
                },
                "config_status": "NO_CHANGE",
                "cpu_stat": {
                  "idle": 79,
                  "interrupt": 1,
                  "load_avg": [
                    0.98,
                    0.81,
                    0.79
                  ],
                  "system": 5,
                  "user": 15
                },
                "created_time": 1718851331,
                "deviceprofile_id": null,
                "dhcpd_stat": {},
                "evpntopo_id": null,
                "fw_versions_outofsync": false,
                "fwupdate": {
                  "progress": 100,
                  "status": "success",
                  "status_id": 3037,
                  "timestamp": 1720730997.869286,
                  "will_retry": false
                },
                "has_pcap": true,
                "hostname": "sdwan_richmond_hill_sw1-ex34-24vc-v1",
                "hw_rev": "M",
                "id": "00000000-0000-0000-1000-fc3342aba365",
                "if_stat": {
                  "ge-0/0/0.0": {
                    "address_mode": null,
                    "ips": null,
                    "nat_addresses": null,
                    "network_name": null,
                    "port_id": "ge-0/0/0",
                    "port_usage": null,
                    "redundancy_state": null,
                    "rx_bytes": 0,
                    "rx_pkts": 4863,
                    "servp_info": null,
                    "tx_bytes": 0,
                    "tx_pkts": 4784,
                    "up": true,
                    "vlan": null,
                    "wan_name": null,
                    "wan_type": null
                  },
                  "ge-0/0/1.0": {
                    "address_mode": null,
                    "ips": null,
                    "nat_addresses": null,
                    "network_name": null,
                    "port_id": "ge-0/0/1",
                    "port_usage": null,
                    "redundancy_state": null,
                    "rx_bytes": 0,
                    "rx_pkts": 0,
                    "servp_info": null,
                    "tx_bytes": 0,
                    "tx_pkts": 0,
                    "up": true,
                    "vlan": null,
                    "wan_name": null,
                    "wan_type": null
                  },
                  "ge-0/0/10.0": {
                    "address_mode": null,
                    "ips": null,
                    "nat_addresses": null,
                    "network_name": null,
                    "port_id": "ge-0/0/10",
                    "port_usage": null,
                    "redundancy_state": null,
                    "rx_bytes": 0,
                    "rx_pkts": 0,
                    "servp_info": null,
                    "tx_bytes": 0,
                    "tx_pkts": 0,
                    "up": true,
                    "vlan": null,
                    "wan_name": null,
                    "wan_type": null
                  },
                  "ge-0/0/11.0": {
                    "address_mode": null,
                    "ips": null,
                    "nat_addresses": null,
                    "network_name": null,
                    "port_id": "ge-0/0/11",
                    "port_usage": null,
                    "redundancy_state": null,
                    "rx_bytes": 0,
                    "rx_pkts": 0,
                    "servp_info": null,
                    "tx_bytes": 0,
                    "tx_pkts": 0,
                    "up": true,
                    "vlan": null,
                    "wan_name": null,
                    "wan_type": null
                  },
                  "ge-0/0/12.0": {
                    "address_mode": null,
                    "ips": null,
                    "nat_addresses": null,
                    "network_name": null,
                    "port_id": "ge-0/0/12",
                    "port_usage": null,
                    "redundancy_state": null,
                    "rx_bytes": 0,
                    "rx_pkts": 0,
                    "servp_info": null,
                    "tx_bytes": 0,
                    "tx_pkts": 0,
                    "up": true,
                    "vlan": null,
                    "wan_name": null,
                    "wan_type": null
                  },
                  "ge-0/0/13.0": {
                    "address_mode": null,
                    "ips": null,
                    "nat_addresses": null,
                    "network_name": null,
                    "port_id": "ge-0/0/13",
                    "port_usage": null,
                    "redundancy_state": null,
                    "rx_bytes": 0,
                    "rx_pkts": 0,
                    "servp_info": null,
                    "tx_bytes": 0,
                    "tx_pkts": 0,
                    "up": true,
                    "vlan": null,
                    "wan_name": null,
                    "wan_type": null
                  },
                  "ge-0/0/14.0": {
                    "address_mode": null,
                    "ips": null,
                    "nat_addresses": null,
                    "network_name": null,
                    "port_id": "ge-0/0/14",
                    "port_usage": null,
                    "redundancy_state": null,
                    "rx_bytes": 0,
                    "rx_pkts": 0,
                    "servp_info": null,
                    "tx_bytes": 0,
                    "tx_pkts": 0,
                    "up": true,
                    "vlan": null,
                    "wan_name": null,
                    "wan_type": null
                  },
                  "ge-0/0/15.0": {
                    "address_mode": null,
                    "ips": null,
                    "nat_addresses": null,
                    "network_name": null,
                    "port_id": "ge-0/0/15",
                    "port_usage": null,
                    "redundancy_state": null,
                    "rx_bytes": 0,
                    "rx_pkts": 0,
                    "servp_info": null,
                    "tx_bytes": 0,
                    "tx_pkts": 0,
                    "up": true,
                    "vlan": null,
                    "wan_name": null,
                    "wan_type": null
                  },
                  "ge-0/0/16.0": {
                    "address_mode": null,
                    "ips": null,
                    "nat_addresses": null,
                    "network_name": null,
                    "port_id": "ge-0/0/16",
                    "port_usage": null,
                    "redundancy_state": null,
                    "rx_bytes": 0,
                    "rx_pkts": 0,
                    "servp_info": null,
                    "tx_bytes": 0,
                    "tx_pkts": 0,
                    "up": true,
                    "vlan": null,
                    "wan_name": null,
                    "wan_type": null
                  },
                  "ge-0/0/17.0": {
                    "address_mode": null,
                    "ips": null,
                    "nat_addresses": null,
                    "network_name": null,
                    "port_id": "ge-0/0/17",
                    "port_usage": null,
                    "redundancy_state": null,
                    "rx_bytes": 0,
                    "rx_pkts": 0,
                    "servp_info": null,
                    "tx_bytes": 0,
                    "tx_pkts": 0,
                    "up": true,
                    "vlan": null,
                    "wan_name": null,
                    "wan_type": null
                  },
                  "ge-0/0/18.0": {
                    "address_mode": null,
                    "ips": null,
                    "nat_addresses": null,
                    "network_name": null,
                    "port_id": "ge-0/0/18",
                    "port_usage": null,
                    "redundancy_state": null,
                    "rx_bytes": 0,
                    "rx_pkts": 0,
                    "servp_info": null,
                    "tx_bytes": 0,
                    "tx_pkts": 0,
                    "up": true,
                    "vlan": null,
                    "wan_name": null,
                    "wan_type": null
                  },
                  "ge-0/0/19.0": {
                    "address_mode": null,
                    "ips": null,
                    "nat_addresses": null,
                    "network_name": null,
                    "port_id": "ge-0/0/19",
                    "port_usage": null,
                    "redundancy_state": null,
                    "rx_bytes": 0,
                    "rx_pkts": 0,
                    "servp_info": null,
                    "tx_bytes": 0,
                    "tx_pkts": 0,
                    "up": true,
                    "vlan": null,
                    "wan_name": null,
                    "wan_type": null
                  },
                  "ge-0/0/2.0": {
                    "address_mode": null,
                    "ips": null,
                    "nat_addresses": null,
                    "network_name": null,
                    "port_id": "ge-0/0/2",
                    "port_usage": null,
                    "redundancy_state": null,
                    "rx_bytes": 0,
                    "rx_pkts": 0,
                    "servp_info": null,
                    "tx_bytes": 0,
                    "tx_pkts": 0,
                    "up": true,
                    "vlan": null,
                    "wan_name": null,
                    "wan_type": null
                  },
                  "ge-0/0/20.0": {
                    "address_mode": null,
                    "ips": null,
                    "nat_addresses": null,
                    "network_name": null,
                    "port_id": "ge-0/0/20",
                    "port_usage": null,
                    "redundancy_state": null,
                    "rx_bytes": 0,
                    "rx_pkts": 0,
                    "servp_info": null,
                    "tx_bytes": 0,
                    "tx_pkts": 0,
                    "up": true,
                    "vlan": null,
                    "wan_name": null,
                    "wan_type": null
                  },
                  "ge-0/0/21.0": {
                    "address_mode": null,
                    "ips": null,
                    "nat_addresses": null,
                    "network_name": null,
                    "port_id": "ge-0/0/21",
                    "port_usage": null,
                    "redundancy_state": null,
                    "rx_bytes": 0,
                    "rx_pkts": 0,
                    "servp_info": null,
                    "tx_bytes": 0,
                    "tx_pkts": 0,
                    "up": true,
                    "vlan": null,
                    "wan_name": null,
                    "wan_type": null
                  },
                  "ge-0/0/22.0": {
                    "address_mode": null,
                    "ips": null,
                    "nat_addresses": null,
                    "network_name": null,
                    "port_id": "ge-0/0/22",
                    "port_usage": null,
                    "redundancy_state": null,
                    "rx_bytes": 0,
                    "rx_pkts": 0,
                    "servp_info": null,
                    "tx_bytes": 0,
                    "tx_pkts": 0,
                    "up": true,
                    "vlan": null,
                    "wan_name": null,
                    "wan_type": null
                  },
                  "ge-0/0/23.0": {
                    "address_mode": null,
                    "ips": null,
                    "nat_addresses": null,
                    "network_name": null,
                    "port_id": "ge-0/0/23",
                    "port_usage": null,
                    "redundancy_state": null,
                    "rx_bytes": 0,
                    "rx_pkts": 0,
                    "servp_info": null,
                    "tx_bytes": 0,
                    "tx_pkts": 0,
                    "up": true,
                    "vlan": null,
                    "wan_name": null,
                    "wan_type": null
                  },
                  "ge-0/0/3.0": {
                    "address_mode": null,
                    "ips": null,
                    "nat_addresses": null,
                    "network_name": null,
                    "port_id": "ge-0/0/3",
                    "port_usage": null,
                    "redundancy_state": null,
                    "rx_bytes": 0,
                    "rx_pkts": 0,
                    "servp_info": null,
                    "tx_bytes": 0,
                    "tx_pkts": 0,
                    "up": true,
                    "vlan": null,
                    "wan_name": null,
                    "wan_type": null
                  },
                  "ge-0/0/4.0": {
                    "address_mode": null,
                    "ips": null,
                    "nat_addresses": null,
                    "network_name": null,
                    "port_id": "ge-0/0/4",
                    "port_usage": null,
                    "redundancy_state": null,
                    "rx_bytes": 0,
                    "rx_pkts": 0,
                    "servp_info": null,
                    "tx_bytes": 0,
                    "tx_pkts": 0,
                    "up": true,
                    "vlan": null,
                    "wan_name": null,
                    "wan_type": null
                  },
                  "ge-0/0/5.0": {
                    "address_mode": null,
                    "ips": null,
                    "nat_addresses": null,
                    "network_name": null,
                    "port_id": "ge-0/0/5",
                    "port_usage": null,
                    "redundancy_state": null,
                    "rx_bytes": 0,
                    "rx_pkts": 0,
                    "servp_info": null,
                    "tx_bytes": 0,
                    "tx_pkts": 0,
                    "up": true,
                    "vlan": null,
                    "wan_name": null,
                    "wan_type": null
                  },
                  "ge-0/0/6.0": {
                    "address_mode": null,
                    "ips": null,
                    "nat_addresses": null,
                    "network_name": null,
                    "port_id": "ge-0/0/6",
                    "port_usage": null,
                    "redundancy_state": null,
                    "rx_bytes": 0,
                    "rx_pkts": 0,
                    "servp_info": null,
                    "tx_bytes": 0,
                    "tx_pkts": 0,
                    "up": true,
                    "vlan": null,
                    "wan_name": null,
                    "wan_type": null
                  },
                  "ge-0/0/7.0": {
                    "address_mode": null,
                    "ips": null,
                    "nat_addresses": null,
                    "network_name": null,
                    "port_id": "ge-0/0/7",
                    "port_usage": null,
                    "redundancy_state": null,
                    "rx_bytes": 0,
                    "rx_pkts": 0,
                    "servp_info": null,
                    "tx_bytes": 0,
                    "tx_pkts": 0,
                    "up": true,
                    "vlan": null,
                    "wan_name": null,
                    "wan_type": null
                  },
                  "ge-0/0/8.0": {
                    "address_mode": null,
                    "ips": null,
                    "nat_addresses": null,
                    "network_name": null,
                    "port_id": "ge-0/0/8",
                    "port_usage": null,
                    "redundancy_state": null,
                    "rx_bytes": 0,
                    "rx_pkts": 0,
                    "servp_info": null,
                    "tx_bytes": 0,
                    "tx_pkts": 0,
                    "up": true,
                    "vlan": null,
                    "wan_name": null,
                    "wan_type": null
                  },
                  "ge-0/0/9.0": {
                    "address_mode": null,
                    "ips": null,
                    "nat_addresses": null,
                    "network_name": null,
                    "port_id": "ge-0/0/9",
                    "port_usage": null,
                    "redundancy_state": null,
                    "rx_bytes": 0,
                    "rx_pkts": 0,
                    "servp_info": null,
                    "tx_bytes": 0,
                    "tx_pkts": 0,
                    "up": true,
                    "vlan": null,
                    "wan_name": null,
                    "wan_type": null
                  },
                  "ge-1/0/0.0": {
                    "address_mode": null,
                    "ips": null,
                    "nat_addresses": null,
                    "network_name": null,
                    "port_id": "ge-1/0/0",
                    "port_usage": null,
                    "redundancy_state": null,
                    "rx_bytes": 0,
                    "rx_pkts": 756321,
                    "servp_info": null,
                    "tx_bytes": 0,
                    "tx_pkts": 132169,
                    "up": true,
                    "vlan": null,
                    "wan_name": null,
                    "wan_type": null
                  },
                  "ge-1/0/1.0": {
                    "address_mode": null,
                    "ips": null,
                    "nat_addresses": null,
                    "network_name": null,
                    "port_id": "ge-1/0/1",
                    "port_usage": null,
                    "redundancy_state": null,
                    "rx_bytes": 0,
                    "rx_pkts": 0,
                    "servp_info": null,
                    "tx_bytes": 0,
                    "tx_pkts": 0,
                    "up": true,
                    "vlan": null,
                    "wan_name": null,
                    "wan_type": null
                  },
                  "ge-1/0/10.0": {
                    "address_mode": null,
                    "ips": null,
                    "nat_addresses": null,
                    "network_name": null,
                    "port_id": "ge-1/0/10",
                    "port_usage": null,
                    "redundancy_state": null,
                    "rx_bytes": 0,
                    "rx_pkts": 0,
                    "servp_info": null,
                    "tx_bytes": 0,
                    "tx_pkts": 0,
                    "up": true,
                    "vlan": null,
                    "wan_name": null,
                    "wan_type": null
                  },
                  "ge-1/0/11.0": {
                    "address_mode": null,
                    "ips": null,
                    "nat_addresses": null,
                    "network_name": null,
                    "port_id": "ge-1/0/11",
                    "port_usage": null,
                    "redundancy_state": null,
                    "rx_bytes": 0,
                    "rx_pkts": 0,
                    "servp_info": null,
                    "tx_bytes": 0,
                    "tx_pkts": 0,
                    "up": true,
                    "vlan": null,
                    "wan_name": null,
                    "wan_type": null
                  },
                  "ge-1/0/12.0": {
                    "address_mode": null,
                    "ips": null,
                    "nat_addresses": null,
                    "network_name": null,
                    "port_id": "ge-1/0/12",
                    "port_usage": null,
                    "redundancy_state": null,
                    "rx_bytes": 0,
                    "rx_pkts": 0,
                    "servp_info": null,
                    "tx_bytes": 0,
                    "tx_pkts": 0,
                    "up": true,
                    "vlan": null,
                    "wan_name": null,
                    "wan_type": null
                  },
                  "ge-1/0/13.0": {
                    "address_mode": null,
                    "ips": null,
                    "nat_addresses": null,
                    "network_name": null,
                    "port_id": "ge-1/0/13",
                    "port_usage": null,
                    "redundancy_state": null,
                    "rx_bytes": 0,
                    "rx_pkts": 0,
                    "servp_info": null,
                    "tx_bytes": 0,
                    "tx_pkts": 0,
                    "up": true,
                    "vlan": null,
                    "wan_name": null,
                    "wan_type": null
                  },
                  "ge-1/0/14.0": {
                    "address_mode": null,
                    "ips": null,
                    "nat_addresses": null,
                    "network_name": null,
                    "port_id": "ge-1/0/14",
                    "port_usage": null,
                    "redundancy_state": null,
                    "rx_bytes": 0,
                    "rx_pkts": 0,
                    "servp_info": null,
                    "tx_bytes": 0,
                    "tx_pkts": 0,
                    "up": true,
                    "vlan": null,
                    "wan_name": null,
                    "wan_type": null
                  },
                  "ge-1/0/15.0": {
                    "address_mode": null,
                    "ips": null,
                    "nat_addresses": null,
                    "network_name": null,
                    "port_id": "ge-1/0/15",
                    "port_usage": null,
                    "redundancy_state": null,
                    "rx_bytes": 0,
                    "rx_pkts": 0,
                    "servp_info": null,
                    "tx_bytes": 0,
                    "tx_pkts": 0,
                    "up": true,
                    "vlan": null,
                    "wan_name": null,
                    "wan_type": null
                  },
                  "ge-1/0/16.0": {
                    "address_mode": null,
                    "ips": null,
                    "nat_addresses": null,
                    "network_name": null,
                    "port_id": "ge-1/0/16",
                    "port_usage": null,
                    "redundancy_state": null,
                    "rx_bytes": 0,
                    "rx_pkts": 0,
                    "servp_info": null,
                    "tx_bytes": 0,
                    "tx_pkts": 0,
                    "up": true,
                    "vlan": null,
                    "wan_name": null,
                    "wan_type": null
                  },
                  "ge-1/0/17.0": {
                    "address_mode": null,
                    "ips": null,
                    "nat_addresses": null,
                    "network_name": null,
                    "port_id": "ge-1/0/17",
                    "port_usage": null,
                    "redundancy_state": null,
                    "rx_bytes": 0,
                    "rx_pkts": 0,
                    "servp_info": null,
                    "tx_bytes": 0,
                    "tx_pkts": 0,
                    "up": true,
                    "vlan": null,
                    "wan_name": null,
                    "wan_type": null
                  },
                  "ge-1/0/18.0": {
                    "address_mode": null,
                    "ips": null,
                    "nat_addresses": null,
                    "network_name": null,
                    "port_id": "ge-1/0/18",
                    "port_usage": null,
                    "redundancy_state": null,
                    "rx_bytes": 0,
                    "rx_pkts": 0,
                    "servp_info": null,
                    "tx_bytes": 0,
                    "tx_pkts": 0,
                    "up": true,
                    "vlan": null,
                    "wan_name": null,
                    "wan_type": null
                  },
                  "ge-1/0/19.0": {
                    "address_mode": null,
                    "ips": null,
                    "nat_addresses": null,
                    "network_name": null,
                    "port_id": "ge-1/0/19",
                    "port_usage": null,
                    "redundancy_state": null,
                    "rx_bytes": 0,
                    "rx_pkts": 0,
                    "servp_info": null,
                    "tx_bytes": 0,
                    "tx_pkts": 0,
                    "up": true,
                    "vlan": null,
                    "wan_name": null,
                    "wan_type": null
                  },
                  "ge-1/0/2.0": {
                    "address_mode": null,
                    "ips": null,
                    "nat_addresses": null,
                    "network_name": null,
                    "port_id": "ge-1/0/2",
                    "port_usage": null,
                    "redundancy_state": null,
                    "rx_bytes": 0,
                    "rx_pkts": 0,
                    "servp_info": null,
                    "tx_bytes": 0,
                    "tx_pkts": 0,
                    "up": true,
                    "vlan": null,
                    "wan_name": null,
                    "wan_type": null
                  },
                  "ge-1/0/20.0": {
                    "address_mode": null,
                    "ips": null,
                    "nat_addresses": null,
                    "network_name": null,
                    "port_id": "ge-1/0/20",
                    "port_usage": null,
                    "redundancy_state": null,
                    "rx_bytes": 0,
                    "rx_pkts": 0,
                    "servp_info": null,
                    "tx_bytes": 0,
                    "tx_pkts": 0,
                    "up": true,
                    "vlan": null,
                    "wan_name": null,
                    "wan_type": null
                  },
                  "ge-1/0/21.0": {
                    "address_mode": null,
                    "ips": null,
                    "nat_addresses": null,
                    "network_name": null,
                    "port_id": "ge-1/0/21",
                    "port_usage": null,
                    "redundancy_state": null,
                    "rx_bytes": 0,
                    "rx_pkts": 0,
                    "servp_info": null,
                    "tx_bytes": 0,
                    "tx_pkts": 0,
                    "up": true,
                    "vlan": null,
                    "wan_name": null,
                    "wan_type": null
                  },
                  "ge-1/0/22.0": {
                    "address_mode": null,
                    "ips": null,
                    "nat_addresses": null,
                    "network_name": null,
                    "port_id": "ge-1/0/22",
                    "port_usage": null,
                    "redundancy_state": null,
                    "rx_bytes": 0,
                    "rx_pkts": 0,
                    "servp_info": null,
                    "tx_bytes": 0,
                    "tx_pkts": 0,
                    "up": true,
                    "vlan": null,
                    "wan_name": null,
                    "wan_type": null
                  },
                  "ge-1/0/23.0": {
                    "address_mode": null,
                    "ips": null,
                    "nat_addresses": null,
                    "network_name": null,
                    "port_id": "ge-1/0/23",
                    "port_usage": null,
                    "redundancy_state": null,
                    "rx_bytes": 0,
                    "rx_pkts": 0,
                    "servp_info": null,
                    "tx_bytes": 0,
                    "tx_pkts": 0,
                    "up": true,
                    "vlan": null,
                    "wan_name": null,
                    "wan_type": null
                  },
                  "ge-1/0/3.0": {
                    "address_mode": null,
                    "ips": null,
                    "nat_addresses": null,
                    "network_name": null,
                    "port_id": "ge-1/0/3",
                    "port_usage": null,
                    "redundancy_state": null,
                    "rx_bytes": 0,
                    "rx_pkts": 0,
                    "servp_info": null,
                    "tx_bytes": 0,
                    "tx_pkts": 0,
                    "up": true,
                    "vlan": null,
                    "wan_name": null,
                    "wan_type": null
                  },
                  "ge-1/0/4.0": {
                    "address_mode": null,
                    "ips": null,
                    "nat_addresses": null,
                    "network_name": null,
                    "port_id": "ge-1/0/4",
                    "port_usage": null,
                    "redundancy_state": null,
                    "rx_bytes": 0,
                    "rx_pkts": 0,
                    "servp_info": null,
                    "tx_bytes": 0,
                    "tx_pkts": 0,
                    "up": true,
                    "vlan": null,
                    "wan_name": null,
                    "wan_type": null
                  },
                  "ge-1/0/5.0": {
                    "address_mode": null,
                    "ips": null,
                    "nat_addresses": null,
                    "network_name": null,
                    "port_id": "ge-1/0/5",
                    "port_usage": null,
                    "redundancy_state": null,
                    "rx_bytes": 0,
                    "rx_pkts": 0,
                    "servp_info": null,
                    "tx_bytes": 0,
                    "tx_pkts": 0,
                    "up": true,
                    "vlan": null,
                    "wan_name": null,
                    "wan_type": null
                  },
                  "ge-1/0/6.0": {
                    "address_mode": null,
                    "ips": null,
                    "nat_addresses": null,
                    "network_name": null,
                    "port_id": "ge-1/0/6",
                    "port_usage": null,
                    "redundancy_state": null,
                    "rx_bytes": 0,
                    "rx_pkts": 0,
                    "servp_info": null,
                    "tx_bytes": 0,
                    "tx_pkts": 0,
                    "up": true,
                    "vlan": null,
                    "wan_name": null,
                    "wan_type": null
                  },
                  "ge-1/0/7.0": {
                    "address_mode": null,
                    "ips": null,
                    "nat_addresses": null,
                    "network_name": null,
                    "port_id": "ge-1/0/7",
                    "port_usage": null,
                    "redundancy_state": null,
                    "rx_bytes": 0,
                    "rx_pkts": 0,
                    "servp_info": null,
                    "tx_bytes": 0,
                    "tx_pkts": 0,
                    "up": true,
                    "vlan": null,
                    "wan_name": null,
                    "wan_type": null
                  },
                  "ge-1/0/8.0": {
                    "address_mode": null,
                    "ips": null,
                    "nat_addresses": null,
                    "network_name": null,
                    "port_id": "ge-1/0/8",
                    "port_usage": null,
                    "redundancy_state": null,
                    "rx_bytes": 0,
                    "rx_pkts": 0,
                    "servp_info": null,
                    "tx_bytes": 0,
                    "tx_pkts": 0,
                    "up": true,
                    "vlan": null,
                    "wan_name": null,
                    "wan_type": null
                  },
                  "ge-1/0/9.0": {
                    "address_mode": null,
                    "ips": null,
                    "nat_addresses": null,
                    "network_name": null,
                    "port_id": "ge-1/0/9",
                    "port_usage": null,
                    "redundancy_state": null,
                    "rx_bytes": 0,
                    "rx_pkts": 0,
                    "servp_info": null,
                    "tx_bytes": 0,
                    "tx_pkts": 0,
                    "up": true,
                    "vlan": null,
                    "wan_name": null,
                    "wan_type": null
                  },
                  "ge-2/0/0.0": {
                    "address_mode": null,
                    "ips": null,
                    "nat_addresses": null,
                    "network_name": null,
                    "port_id": "ge-2/0/0",
                    "port_usage": null,
                    "redundancy_state": null,
                    "rx_bytes": 0,
                    "rx_pkts": 0,
                    "servp_info": null,
                    "tx_bytes": 0,
                    "tx_pkts": 0,
                    "up": true,
                    "vlan": null,
                    "wan_name": null,
                    "wan_type": null
                  },
                  "ge-2/0/1.0": {
                    "address_mode": null,
                    "ips": null,
                    "nat_addresses": null,
                    "network_name": null,
                    "port_id": "ge-2/0/1",
                    "port_usage": null,
                    "redundancy_state": null,
                    "rx_bytes": 0,
                    "rx_pkts": 0,
                    "servp_info": null,
                    "tx_bytes": 0,
                    "tx_pkts": 0,
                    "up": true,
                    "vlan": null,
                    "wan_name": null,
                    "wan_type": null
                  },
                  "ge-2/0/10.0": {
                    "address_mode": null,
                    "ips": null,
                    "nat_addresses": null,
                    "network_name": null,
                    "port_id": "ge-2/0/10",
                    "port_usage": null,
                    "redundancy_state": null,
                    "rx_bytes": 0,
                    "rx_pkts": 0,
                    "servp_info": null,
                    "tx_bytes": 0,
                    "tx_pkts": 0,
                    "up": true,
                    "vlan": null,
                    "wan_name": null,
                    "wan_type": null
                  },
                  "ge-2/0/11.0": {
                    "address_mode": null,
                    "ips": null,
                    "nat_addresses": null,
                    "network_name": null,
                    "port_id": "ge-2/0/11",
                    "port_usage": null,
                    "redundancy_state": null,
                    "rx_bytes": 0,
                    "rx_pkts": 0,
                    "servp_info": null,
                    "tx_bytes": 0,
                    "tx_pkts": 0,
                    "up": true,
                    "vlan": null,
                    "wan_name": null,
                    "wan_type": null
                  },
                  "ge-2/0/12.0": {
                    "address_mode": null,
                    "ips": null,
                    "nat_addresses": null,
                    "network_name": null,
                    "port_id": "ge-2/0/12",
                    "port_usage": null,
                    "redundancy_state": null,
                    "rx_bytes": 0,
                    "rx_pkts": 0,
                    "servp_info": null,
                    "tx_bytes": 0,
                    "tx_pkts": 0,
                    "up": true,
                    "vlan": null,
                    "wan_name": null,
                    "wan_type": null
                  },
                  "ge-2/0/13.0": {
                    "address_mode": null,
                    "ips": null,
                    "nat_addresses": null,
                    "network_name": null,
                    "port_id": "ge-2/0/13",
                    "port_usage": null,
                    "redundancy_state": null,
                    "rx_bytes": 0,
                    "rx_pkts": 0,
                    "servp_info": null,
                    "tx_bytes": 0,
                    "tx_pkts": 0,
                    "up": true,
                    "vlan": null,
                    "wan_name": null,
                    "wan_type": null
                  },
                  "ge-2/0/14.0": {
                    "address_mode": null,
                    "ips": null,
                    "nat_addresses": null,
                    "network_name": null,
                    "port_id": "ge-2/0/14",
                    "port_usage": null,
                    "redundancy_state": null,
                    "rx_bytes": 0,
                    "rx_pkts": 0,
                    "servp_info": null,
                    "tx_bytes": 0,
                    "tx_pkts": 0,
                    "up": true,
                    "vlan": null,
                    "wan_name": null,
                    "wan_type": null
                  },
                  "ge-2/0/15.0": {
                    "address_mode": null,
                    "ips": null,
                    "nat_addresses": null,
                    "network_name": null,
                    "port_id": "ge-2/0/15",
                    "port_usage": null,
                    "redundancy_state": null,
                    "rx_bytes": 0,
                    "rx_pkts": 0,
                    "servp_info": null,
                    "tx_bytes": 0,
                    "tx_pkts": 0,
                    "up": true,
                    "vlan": null,
                    "wan_name": null,
                    "wan_type": null
                  },
                  "ge-2/0/16.0": {
                    "address_mode": null,
                    "ips": null,
                    "nat_addresses": null,
                    "network_name": null,
                    "port_id": "ge-2/0/16",
                    "port_usage": null,
                    "redundancy_state": null,
                    "rx_bytes": 0,
                    "rx_pkts": 0,
                    "servp_info": null,
                    "tx_bytes": 0,
                    "tx_pkts": 0,
                    "up": true,
                    "vlan": null,
                    "wan_name": null,
                    "wan_type": null
                  },
                  "ge-2/0/17.0": {
                    "address_mode": null,
                    "ips": null,
                    "nat_addresses": null,
                    "network_name": null,
                    "port_id": "ge-2/0/17",
                    "port_usage": null,
                    "redundancy_state": null,
                    "rx_bytes": 0,
                    "rx_pkts": 0,
                    "servp_info": null,
                    "tx_bytes": 0,
                    "tx_pkts": 0,
                    "up": true,
                    "vlan": null,
                    "wan_name": null,
                    "wan_type": null
                  },
                  "ge-2/0/18.0": {
                    "address_mode": null,
                    "ips": null,
                    "nat_addresses": null,
                    "network_name": null,
                    "port_id": "ge-2/0/18",
                    "port_usage": null,
                    "redundancy_state": null,
                    "rx_bytes": 0,
                    "rx_pkts": 0,
                    "servp_info": null,
                    "tx_bytes": 0,
                    "tx_pkts": 0,
                    "up": true,
                    "vlan": null,
                    "wan_name": null,
                    "wan_type": null
                  },
                  "ge-2/0/19.0": {
                    "address_mode": null,
                    "ips": null,
                    "nat_addresses": null,
                    "network_name": null,
                    "port_id": "ge-2/0/19",
                    "port_usage": null,
                    "redundancy_state": null,
                    "rx_bytes": 0,
                    "rx_pkts": 0,
                    "servp_info": null,
                    "tx_bytes": 0,
                    "tx_pkts": 0,
                    "up": true,
                    "vlan": null,
                    "wan_name": null,
                    "wan_type": null
                  },
                  "ge-2/0/2.0": {
                    "address_mode": null,
                    "ips": null,
                    "nat_addresses": null,
                    "network_name": null,
                    "port_id": "ge-2/0/2",
                    "port_usage": null,
                    "redundancy_state": null,
                    "rx_bytes": 0,
                    "rx_pkts": 0,
                    "servp_info": null,
                    "tx_bytes": 0,
                    "tx_pkts": 0,
                    "up": true,
                    "vlan": null,
                    "wan_name": null,
                    "wan_type": null
                  },
                  "ge-2/0/20.0": {
                    "address_mode": null,
                    "ips": null,
                    "nat_addresses": null,
                    "network_name": null,
                    "port_id": "ge-2/0/20",
                    "port_usage": null,
                    "redundancy_state": null,
                    "rx_bytes": 0,
                    "rx_pkts": 0,
                    "servp_info": null,
                    "tx_bytes": 0,
                    "tx_pkts": 0,
                    "up": true,
                    "vlan": null,
                    "wan_name": null,
                    "wan_type": null
                  },
                  "ge-2/0/21.0": {
                    "address_mode": null,
                    "ips": null,
                    "nat_addresses": null,
                    "network_name": null,
                    "port_id": "ge-2/0/21",
                    "port_usage": null,
                    "redundancy_state": null,
                    "rx_bytes": 0,
                    "rx_pkts": 0,
                    "servp_info": null,
                    "tx_bytes": 0,
                    "tx_pkts": 0,
                    "up": true,
                    "vlan": null,
                    "wan_name": null,
                    "wan_type": null
                  },
                  "ge-2/0/22.0": {
                    "address_mode": null,
                    "ips": null,
                    "nat_addresses": null,
                    "network_name": null,
                    "port_id": "ge-2/0/22",
                    "port_usage": null,
                    "redundancy_state": null,
                    "rx_bytes": 0,
                    "rx_pkts": 0,
                    "servp_info": null,
                    "tx_bytes": 0,
                    "tx_pkts": 0,
                    "up": true,
                    "vlan": null,
                    "wan_name": null,
                    "wan_type": null
                  },
                  "ge-2/0/23.0": {
                    "address_mode": null,
                    "ips": null,
                    "nat_addresses": null,
                    "network_name": null,
                    "port_id": "ge-2/0/23",
                    "port_usage": null,
                    "redundancy_state": null,
                    "rx_bytes": 0,
                    "rx_pkts": 0,
                    "servp_info": null,
                    "tx_bytes": 0,
                    "tx_pkts": 0,
                    "up": true,
                    "vlan": null,
                    "wan_name": null,
                    "wan_type": null
                  },
                  "ge-2/0/3.0": {
                    "address_mode": null,
                    "ips": null,
                    "nat_addresses": null,
                    "network_name": null,
                    "port_id": "ge-2/0/3",
                    "port_usage": null,
                    "redundancy_state": null,
                    "rx_bytes": 0,
                    "rx_pkts": 0,
                    "servp_info": null,
                    "tx_bytes": 0,
                    "tx_pkts": 0,
                    "up": true,
                    "vlan": null,
                    "wan_name": null,
                    "wan_type": null
                  },
                  "ge-2/0/4.0": {
                    "address_mode": null,
                    "ips": null,
                    "nat_addresses": null,
                    "network_name": null,
                    "port_id": "ge-2/0/4",
                    "port_usage": null,
                    "redundancy_state": null,
                    "rx_bytes": 0,
                    "rx_pkts": 0,
                    "servp_info": null,
                    "tx_bytes": 0,
                    "tx_pkts": 0,
                    "up": true,
                    "vlan": null,
                    "wan_name": null,
                    "wan_type": null
                  },
                  "ge-2/0/5.0": {
                    "address_mode": null,
                    "ips": null,
                    "nat_addresses": null,
                    "network_name": null,
                    "port_id": "ge-2/0/5",
                    "port_usage": null,
                    "redundancy_state": null,
                    "rx_bytes": 0,
                    "rx_pkts": 0,
                    "servp_info": null,
                    "tx_bytes": 0,
                    "tx_pkts": 0,
                    "up": true,
                    "vlan": null,
                    "wan_name": null,
                    "wan_type": null
                  },
                  "ge-2/0/6.0": {
                    "address_mode": null,
                    "ips": null,
                    "nat_addresses": null,
                    "network_name": null,
                    "port_id": "ge-2/0/6",
                    "port_usage": null,
                    "redundancy_state": null,
                    "rx_bytes": 0,
                    "rx_pkts": 0,
                    "servp_info": null,
                    "tx_bytes": 0,
                    "tx_pkts": 0,
                    "up": true,
                    "vlan": null,
                    "wan_name": null,
                    "wan_type": null
                  },
                  "ge-2/0/7.0": {
                    "address_mode": null,
                    "ips": null,
                    "nat_addresses": null,
                    "network_name": null,
                    "port_id": "ge-2/0/7",
                    "port_usage": null,
                    "redundancy_state": null,
                    "rx_bytes": 0,
                    "rx_pkts": 0,
                    "servp_info": null,
                    "tx_bytes": 0,
                    "tx_pkts": 0,
                    "up": true,
                    "vlan": null,
                    "wan_name": null,
                    "wan_type": null
                  },
                  "ge-2/0/8.0": {
                    "address_mode": null,
                    "ips": null,
                    "nat_addresses": null,
                    "network_name": null,
                    "port_id": "ge-2/0/8",
                    "port_usage": null,
                    "redundancy_state": null,
                    "rx_bytes": 0,
                    "rx_pkts": 0,
                    "servp_info": null,
                    "tx_bytes": 0,
                    "tx_pkts": 0,
                    "up": true,
                    "vlan": null,
                    "wan_name": null,
                    "wan_type": null
                  },
                  "ge-2/0/9.0": {
                    "address_mode": null,
                    "ips": null,
                    "nat_addresses": null,
                    "network_name": null,
                    "port_id": "ge-2/0/9",
                    "port_usage": null,
                    "redundancy_state": null,
                    "rx_bytes": 0,
                    "rx_pkts": 0,
                    "servp_info": null,
                    "tx_bytes": 0,
                    "tx_pkts": 0,
                    "up": true,
                    "vlan": null,
                    "wan_name": null,
                    "wan_type": null
                  },
                  "irb.0": {
                    "address_mode": null,
                    "ips": [
                      "10.1.1.103/24"
                    ],
                    "nat_addresses": null,
                    "network_name": null,
                    "port_id": "irb",
                    "port_usage": null,
                    "redundancy_state": null,
                    "rx_bytes": 0,
                    "rx_pkts": 320581,
                    "servp_info": {
                      "asn": null,
                      "city": null,
                      "country_code": null,
                      "latitude": null,
                      "longitude": null,
                      "org": null,
                      "region_code": null
                    },
                    "tx_bytes": 0,
                    "tx_pkts": 127255,
                    "up": true,
                    "vlan": 1,
                    "wan_name": null,
                    "wan_type": null
                  },
                  "lo0.16385": {
                    "address_mode": null,
                    "ips": null,
                    "nat_addresses": null,
                    "network_name": null,
                    "port_id": "lo0",
                    "port_usage": null,
                    "redundancy_state": null,
                    "rx_bytes": 0,
                    "rx_pkts": 11448770,
                    "servp_info": null,
                    "tx_bytes": 0,
                    "tx_pkts": 11449249,
                    "up": true,
                    "vlan": null,
                    "wan_name": null,
                    "wan_type": null
                  },
                  "me0.0": {
                    "address_mode": null,
                    "ips": null,
                    "nat_addresses": null,
                    "network_name": null,
                    "port_id": "me0",
                    "port_usage": null,
                    "redundancy_state": null,
                    "rx_bytes": 0,
                    "rx_pkts": 0,
                    "servp_info": null,
                    "tx_bytes": 0,
                    "tx_pkts": 0,
                    "up": true,
                    "vlan": null,
                    "wan_name": null,
                    "wan_type": null
                  },
                  "vme.0": {
                    "address_mode": null,
                    "ips": [
                      "192.168.0.69/24"
                    ],
                    "nat_addresses": null,
                    "network_name": null,
                    "port_id": "vme",
                    "port_usage": null,
                    "redundancy_state": null,
                    "rx_bytes": 0,
                    "rx_pkts": 152375,
                    "servp_info": {
                      "asn": null,
                      "city": null,
                      "country_code": null,
                      "latitude": null,
                      "longitude": null,
                      "org": null,
                      "region_code": null
                    },
                    "tx_bytes": 0,
                    "tx_pkts": 1057,
                    "up": true,
                    "vlan": null,
                    "wan_name": null,
                    "wan_type": null
                  }
                },
                "ip": "192.168.0.69",
                "ip_stat": {
                  "dhcp_server": null,
                  "dns": null,
                  "dns_suffix": null,
                  "gateway": "10.1.1.1",
                  "gateway6": null,
                  "ip": "10.1.1.103",
                  "ip6": null,
                  "ips": {
                    "vlan1": "10.1.1.103,192.168.0.69"
                  },
                  "netmask": "255.255.255.255",
                  "netmask6": null
                },
                "last_seen": 1720867908,
                "last_trouble": {
                  "code": "106",
                  "timestamp": 1720843563559
                },
                "mac": "fc3342aba365",
                "mac_table_stats": {
                  "mac_table_count": 6,
                  "max_mac_entries_supported": 32000
                },
                "map_id": null,
                "memory_stat": {
                  "usage": 18
                },
                "model": "EX3400-24T",
                "modified_time": 1720724212,
                "module_stat": [
                  {
                    "backup_version": "",
                    "bios_version": "",
                    "cpld_version": "",
                    "errors": null,
                    "fans": [
                      {
                        "airflow": "out",
                        "name": "Fan Tray 0 Fan 0",
                        "status": "ok"
                      },
                      {
                        "airflow": "out",
                        "name": "Fan Tray 1 Fan 0",
                        "status": "ok"
                      }
                    ],
                    "fpc_idx": 0,
                    "fpga_version": "",
                    "last_seen": null,
                    "model": "EX3400-24T",
                    "optics_cpld_version": "",
                    "pending_version": "",
                    "pics": [
                      {
                        "index": 0,
                        "model_number": "EX3400-24T",
                        "port_groups": [
                          {
                            "count": 24,
                            "type": "GE"
                          }
                        ]
                      },
                      {
                        "index": 1,
                        "model_number": "EX3400-24T",
                        "port_groups": [
                          {
                            "count": 2,
                            "type": "QSFP/QSFP+"
                          }
                        ]
                      },
                      {
                        "index": 2,
                        "model_number": "EX3400-24T",
                        "port_groups": [
                          {
                            "count": 4,
                            "type": "SFP/SFP+"
                          }
                        ]
                      }
                    ],
                    "poe": {
                      "max_power": null,
                      "power_draw": null
                    },
                    "poe_version": "",
                    "power_cpld_version": "",
                    "psus": [
                      {
                        "name": "Power Supply 0",
                        "status": "ok"
                      },
                      {
                        "name": "Power Supply 1",
                        "status": "absent"
                      }
                    ],
                    "re_fpga_version": "",
                    "recovery_version": "22.4R3-S2.11",
                    "serial": "NV3619050114",
                    "status": null,
                    "temperatures": [
                      {
                        "celsius": 36,
                        "name": "CPU Sensor",
                        "status": "ok"
                      },
                      {
                        "celsius": 29,
                        "name": "PSU Sensor",
                        "status": "ok"
                      }
                    ],
                    "tmc_fpga_version": "",
                    "uboot_version": "",
                    "uptime": 136680,
                    "vc_links": [
                      {
                        "neighbor_module_idx": 1,
                        "neighbor_port_id": "vcp-1/1/1",
                        "port_id": "vcp-0/1/0"
                      }
                    ],
                    "vc_mode": "HiGiG",
                    "vc_role": "backup",
                    "vc_state": "present",
                    "version": "22.4R3-S2.11"
                  },
                  {
                    "backup_version": "",
                    "bios_version": "",
                    "cpld_version": "",
                    "errors": null,
                    "fans": [
                      {
                        "airflow": "out",
                        "name": "Fan Tray 0 Fan 0",
                        "status": "ok"
                      },
                      {
                        "airflow": "out",
                        "name": "Fan Tray 1 Fan 0",
                        "status": "ok"
                      }
                    ],
                    "fpc_idx": 1,
                    "fpga_version": "",
                    "last_seen": null,
                    "model": "EX3400-24T",
                    "optics_cpld_version": "",
                    "pending_version": "",
                    "pics": [
                      {
                        "index": 0,
                        "model_number": "EX3400-24T",
                        "port_groups": [
                          {
                            "count": 24,
                            "type": "GE"
                          }
                        ]
                      },
                      {
                        "index": 1,
                        "model_number": "EX3400-24T",
                        "port_groups": [
                          {
                            "count": 2,
                            "type": "QSFP/QSFP+"
                          }
                        ]
                      },
                      {
                        "index": 2,
                        "model_number": "EX3400-24T",
                        "port_groups": [
                          {
                            "count": 4,
                            "type": "SFP/SFP+"
                          }
                        ]
                      }
                    ],
                    "poe": {
                      "max_power": null,
                      "power_draw": null
                    },
                    "poe_version": "",
                    "power_cpld_version": "",
                    "psus": [
                      {
                        "name": "Power Supply 0",
                        "status": "ok"
                      },
                      {
                        "name": "Power Supply 1",
                        "status": "absent"
                      }
                    ],
                    "re_fpga_version": "",
                    "recovery_version": "22.4R3-S2.11",
                    "serial": "NV3619050142",
                    "status": null,
                    "temperatures": [
                      {
                        "celsius": 37,
                        "name": "CPU Sensor",
                        "status": "ok"
                      },
                      {
                        "celsius": 29,
                        "name": "PSU Sensor",
                        "status": "ok"
                      }
                    ],
                    "tmc_fpga_version": "",
                    "uboot_version": "",
                    "uptime": 136680,
                    "vc_links": [
                      {
                        "neighbor_module_idx": 2,
                        "neighbor_port_id": "vcp-2/1/0",
                        "port_id": "vcp-1/1/0"
                      },
                      {
                        "neighbor_module_idx": 0,
                        "neighbor_port_id": "vcp-0/1/0",
                        "port_id": "vcp-1/1/1"
                      }
                    ],
                    "vc_mode": "HiGiG",
                    "vc_role": "master",
                    "vc_state": "present",
                    "version": "22.4R3-S2.11"
                  },
                  {
                    "backup_version": "",
                    "bios_version": "",
                    "cpld_version": "",
                    "errors": null,
                    "fans": [
                      {
                        "airflow": "out",
                        "name": "Fan Tray 0 Fan 0",
                        "status": "ok"
                      },
                      {
                        "airflow": "out",
                        "name": "Fan Tray 1 Fan 0",
                        "status": "ok"
                      }
                    ],
                    "fpc_idx": 2,
                    "fpga_version": "",
                    "last_seen": null,
                    "model": "EX3400-24T",
                    "optics_cpld_version": "",
                    "pending_version": "",
                    "pics": [
                      {
                        "index": 0,
                        "model_number": "EX3400-24T",
                        "port_groups": [
                          {
                            "count": 24,
                            "type": "GE"
                          }
                        ]
                      },
                      {
                        "index": 1,
                        "model_number": "EX3400-24T",
                        "port_groups": [
                          {
                            "count": 2,
                            "type": "QSFP/QSFP+"
                          }
                        ]
                      },
                      {
                        "index": 2,
                        "model_number": "EX3400-24T",
                        "port_groups": [
                          {
                            "count": 4,
                            "type": "SFP/SFP+"
                          }
                        ]
                      }
                    ],
                    "poe": {
                      "max_power": null,
                      "power_draw": null
                    },
                    "poe_version": "",
                    "power_cpld_version": "",
                    "psus": [
                      {
                        "name": "Power Supply 1",
                        "status": "absent"
                      },
                      {
                        "name": "Power Supply 0",
                        "status": "ok"
                      }
                    ],
                    "re_fpga_version": "",
                    "recovery_version": "22.4R3-S2.11",
                    "serial": "NV3619050033",
                    "status": null,
                    "temperatures": [
                      {
                        "celsius": 37,
                        "name": "CPU Sensor",
                        "status": "ok"
                      },
                      {
                        "celsius": 29,
                        "name": "PSU Sensor",
                        "status": "ok"
                      }
                    ],
                    "tmc_fpga_version": "",
                    "uboot_version": "",
                    "uptime": 136680,
                    "vc_links": [
                      {
                        "neighbor_module_idx": 1,
                        "neighbor_port_id": "vcp-1/1/0",
                        "port_id": "vcp-2/1/0"
                      }
                    ],
                    "vc_mode": "HiGiG",
                    "vc_role": "linecard",
                    "vc_state": "present",
                    "version": "22.4R3-S2.11"
                  }
                ],
                "name": "sdwan_richmond_hill_sw1-ex34-24vc-v1",
                "org_id": "9777c1a0-6ef6-11e6-8bbf-02e208b2d34f",
                "route_summary_stats": {
                  "fib_routes": 2,
                  "max_unicast_routes_supported": 36000,
                  "rib_routes": 17,
                  "total_routes": 6
                },
                "serial": "NV3619050114",
                "service_stat": {},
                "site_id": "5d3eb59c-7fd9-4605-abc9-6e70a9290eaf",
                "status": "connected",
                "uptime": 136665,
                "vc_mac": "fc3342aba365",
                "vc_setup_info": {
                  "config_type": "preprovisioned",
                  "err_missing_dev_id_fpc": false
                },
                "version": "22.4R3-S2.11"
              },
              {
                "ap_redundancy": null,
                "arp_table_stats": null,
                "cert_expiry": null,
                "clients": null,
                "clients_stats": null,
                "config_status": null,
                "cpu_stat": null,
                "created_time": 1686073393,
                "deviceprofile_id": null,
                "dhcpd_stat": null,
                "evpntopo_id": "4e8e495e-43d3-4896-b808-409307e1db10",
                "fw_versions_outofsync": null,
                "fwupdate": null,
                "has_pcap": null,
                "hostname": null,
                "hw_rev": "",
                "id": "00000000-0000-0000-1000-2c6bf5628700",
                "if_stat": null,
                "ip": null,
                "ip_stat": null,
                "last_seen": null,
                "last_trouble": null,
                "mac": "2c6bf5628700",
                "mac_table_stats": null,
                "map_id": null,
                "memory_stat": null,
                "model": "EX9214",
                "modified_time": 1715445206,
                "module_stat": [
                  {
                    "backup_version": null,
                    "bios_version": null,
                    "cpld_version": null,
                    "errors": null,
                    "fans": null,
                    "fpc_idx": null,
                    "fpga_version": null,
                    "last_seen": null,
                    "model": null,
                    "optics_cpld_version": null,
                    "pending_version": null,
                    "pics": null,
                    "poe": null,
                    "poe_version": null,
                    "power_cpld_version": null,
                    "psus": null,
                    "re_fpga_version": null,
                    "recovery_version": null,
                    "serial": null,
                    "status": "disconnected",
                    "temperatures": null,
                    "tmc_fpga_version": null,
                    "uboot_version": null,
                    "uptime": null,
                    "vc_links": null,
                    "vc_mode": null,
                    "vc_role": null,
                    "vc_state": null,
                    "version": null
                  }
                ],
                "name": "EVPN-MH-CORE1",
                "org_id": "9777c1a0-6ef6-11e6-8bbf-02e208b2d34f",
                "route_summary_stats": null,
                "serial": "VM646F845BE6",
                "service_stat": null,
                "site_id": "a404ee98-2480-4723-9a02-6f3e080d5bff",
                "status": "disconnected",
                "uptime": null,
                "vc_mac": null,
                "vc_setup_info": null,
                "version": null
              },
              {
                "ap_redundancy": null,
                "arp_table_stats": null,
                "cert_expiry": null,
                "clients": null,
                "clients_stats": null,
                "config_status": null,
                "cpu_stat": null,
                "created_time": 1686073393,
                "deviceprofile_id": null,
                "dhcpd_stat": null,
                "evpntopo_id": "4e8e495e-43d3-4896-b808-409307e1db10",
                "fw_versions_outofsync": null,
                "fwupdate": null,
                "has_pcap": null,
                "hostname": null,
                "hw_rev": "",
                "id": "00000000-0000-0000-1000-2c6bf5b2ec00",
                "if_stat": null,
                "ip": null,
                "ip_stat": null,
                "last_seen": null,
                "last_trouble": null,
                "mac": "2c6bf5b2ec00",
                "mac_table_stats": null,
                "map_id": null,
                "memory_stat": null,
                "model": "EX9214",
                "modified_time": 1715445206,
                "module_stat": [
                  {
                    "backup_version": null,
                    "bios_version": null,
                    "cpld_version": null,
                    "errors": null,
                    "fans": null,
                    "fpc_idx": null,
                    "fpga_version": null,
                    "last_seen": null,
                    "model": null,
                    "optics_cpld_version": null,
                    "pending_version": null,
                    "pics": null,
                    "poe": null,
                    "poe_version": null,
                    "power_cpld_version": null,
                    "psus": null,
                    "re_fpga_version": null,
                    "recovery_version": null,
                    "serial": null,
                    "status": "disconnected",
                    "temperatures": null,
                    "tmc_fpga_version": null,
                    "uboot_version": null,
                    "uptime": null,
                    "vc_links": null,
                    "vc_mode": null,
                    "vc_role": null,
                    "vc_state": null,
                    "version": null
                  }
                ],
                "name": "EVPN-MH-CORE2",
                "org_id": "9777c1a0-6ef6-11e6-8bbf-02e208b2d34f",
                "route_summary_stats": null,
                "serial": "VM646F845A0F",
                "service_stat": null,
                "site_id": "a404ee98-2480-4723-9a02-6f3e080d5bff",
                "status": "disconnected",
                "uptime": null,
                "vc_mac": null,
                "vc_setup_info": null,
                "version": null
              },
              {
                "ap_redundancy": null,
                "arp_table_stats": null,
                "cert_expiry": null,
                "clients": null,
                "clients_stats": null,
                "config_status": null,
                "cpu_stat": null,
                "created_time": 1686073393,
                "deviceprofile_id": null,
                "dhcpd_stat": null,
                "evpntopo_id": null,
                "fw_versions_outofsync": null,
                "fwupdate": null,
                "has_pcap": null,
                "hostname": null,
                "hw_rev": "",
                "id": "00000000-0000-0000-1000-2c6bf5125100",
                "if_stat": null,
                "ip": null,
                "ip_stat": null,
                "last_seen": null,
                "last_trouble": null,
                "mac": "2c6bf5125100",
                "mac_table_stats": null,
                "map_id": null,
                "memory_stat": null,
                "model": "EX9214",
                "modified_time": 1687758445,
                "module_stat": [
                  {
                    "backup_version": null,
                    "bios_version": null,
                    "cpld_version": null,
                    "errors": null,
                    "fans": null,
                    "fpc_idx": null,
                    "fpga_version": null,
                    "last_seen": null,
                    "model": null,
                    "optics_cpld_version": null,
                    "pending_version": null,
                    "pics": null,
                    "poe": null,
                    "poe_version": null,
                    "power_cpld_version": null,
                    "psus": null,
                    "re_fpga_version": null,
                    "recovery_version": null,
                    "serial": null,
                    "status": "disconnected",
                    "temperatures": null,
                    "tmc_fpga_version": null,
                    "uboot_version": null,
                    "uptime": null,
                    "vc_links": null,
                    "vc_mode": null,
                    "vc_role": null,
                    "vc_state": null,
                    "version": null
                  }
                ],
                "name": "EVPN-MH-ACC1",
                "org_id": "9777c1a0-6ef6-11e6-8bbf-02e208b2d34f",
                "route_summary_stats": null,
                "serial": "VM646F85E433",
                "service_stat": null,
                "site_id": "a404ee98-2480-4723-9a02-6f3e080d5bff",
                "status": "disconnected",
                "uptime": null,
                "vc_mac": null,
                "vc_setup_info": null,
                "version": null
              },
              {
                "ap_redundancy": null,
                "arp_table_stats": null,
                "cert_expiry": null,
                "clients": null,
                "clients_stats": null,
                "config_status": null,
                "cpu_stat": null,
                "created_time": 1686073393,
                "deviceprofile_id": null,
                "dhcpd_stat": null,
                "evpntopo_id": null,
                "fw_versions_outofsync": null,
                "fwupdate": null,
                "has_pcap": null,
                "hostname": null,
                "hw_rev": "",
                "id": "00000000-0000-0000-1000-2c6bf5a16700",
                "if_stat": null,
                "ip": null,
                "ip_stat": null,
                "last_seen": null,
                "last_trouble": null,
                "mac": "2c6bf5a16700",
                "mac_table_stats": null,
                "map_id": null,
                "memory_stat": null,
                "model": "EX9214",
                "modified_time": 1690913381,
                "module_stat": [
                  {
                    "backup_version": null,
                    "bios_version": null,
                    "cpld_version": null,
                    "errors": null,
                    "fans": null,
                    "fpc_idx": null,
                    "fpga_version": null,
                    "last_seen": null,
                    "model": null,
                    "optics_cpld_version": null,
                    "pending_version": null,
                    "pics": null,
                    "poe": null,
                    "poe_version": null,
                    "power_cpld_version": null,
                    "psus": null,
                    "re_fpga_version": null,
                    "recovery_version": null,
                    "serial": null,
                    "status": "disconnected",
                    "temperatures": null,
                    "tmc_fpga_version": null,
                    "uboot_version": null,
                    "uptime": null,
                    "vc_links": null,
                    "vc_mode": null,
                    "vc_role": null,
                    "vc_state": null,
                    "version": null
                  }
                ],
                "name": "EVPN-MH-ACC2",
                "org_id": "9777c1a0-6ef6-11e6-8bbf-02e208b2d34f",
                "route_summary_stats": null,
                "serial": "VM646F85EBFF",
                "service_stat": null,
                "site_id": "a404ee98-2480-4723-9a02-6f3e080d5bff",
                "status": "disconnected",
                "uptime": null,
                "vc_mac": null,
                "vc_setup_info": null,
                "version": null
              },
              {
                "ap_redundancy": null,
                "arp_table_stats": null,
                "cert_expiry": null,
                "clients": null,
                "clients_stats": null,
                "config_status": null,
                "cpu_stat": null,
                "created_time": 1686075732,
                "deviceprofile_id": null,
                "dhcpd_stat": null,
                "evpntopo_id": null,
                "fw_versions_outofsync": null,
                "fwupdate": null,
                "has_pcap": null,
                "hostname": null,
                "hw_rev": "",
                "id": "00000000-0000-0000-1000-2c6bf57a9400",
                "if_stat": null,
                "ip": null,
                "ip_stat": null,
                "last_seen": null,
                "last_trouble": null,
                "mac": "2c6bf57a9400",
                "mac_table_stats": null,
                "map_id": null,
                "memory_stat": null,
                "model": "EX9214",
                "modified_time": 1690913667,
                "module_stat": [
                  {
                    "backup_version": null,
                    "bios_version": null,
                    "cpld_version": null,
                    "errors": null,
                    "fans": null,
                    "fpc_idx": null,
                    "fpga_version": null,
                    "last_seen": null,
                    "model": null,
                    "optics_cpld_version": null,
                    "pending_version": null,
                    "pics": null,
                    "poe": null,
                    "poe_version": null,
                    "power_cpld_version": null,
                    "psus": null,
                    "re_fpga_version": null,
                    "recovery_version": null,
                    "serial": null,
                    "status": "disconnected",
                    "temperatures": null,
                    "tmc_fpga_version": null,
                    "uboot_version": null,
                    "uptime": null,
                    "vc_links": null,
                    "vc_mode": null,
                    "vc_role": null,
                    "vc_state": null,
                    "version": null
                  }
                ],
                "name": "CRB-ACC2",
                "org_id": "9777c1a0-6ef6-11e6-8bbf-02e208b2d34f",
                "route_summary_stats": null,
                "serial": "VM646F8A2A72",
                "service_stat": null,
                "site_id": "a404ee98-2480-4723-9a02-6f3e080d5bff",
                "status": "disconnected",
                "uptime": null,
                "vc_mac": null,
                "vc_setup_info": null,
                "version": null
              },
              {
                "ap_redundancy": null,
                "arp_table_stats": null,
                "cert_expiry": null,
                "clients": null,
                "clients_stats": null,
                "config_status": null,
                "cpu_stat": null,
                "created_time": 1686075732,
                "deviceprofile_id": null,
                "dhcpd_stat": null,
                "evpntopo_id": null,
                "fw_versions_outofsync": null,
                "fwupdate": null,
                "has_pcap": null,
                "hostname": null,
                "hw_rev": "",
                "id": "00000000-0000-0000-1000-2c6bf5ac1b00",
                "if_stat": null,
                "ip": null,
                "ip_stat": null,
                "last_seen": null,
                "last_trouble": null,
                "mac": "2c6bf5ac1b00",
                "mac_table_stats": null,
                "map_id": null,
                "memory_stat": null,
                "model": "EX9214",
                "modified_time": 1705901873,
                "module_stat": [
                  {
                    "backup_version": null,
                    "bios_version": null,
                    "cpld_version": null,
                    "errors": null,
                    "fans": null,
                    "fpc_idx": null,
                    "fpga_version": null,
                    "last_seen": null,
                    "model": null,
                    "optics_cpld_version": null,
                    "pending_version": null,
                    "pics": null,
                    "poe": null,
                    "poe_version": null,
                    "power_cpld_version": null,
                    "psus": null,
                    "re_fpga_version": null,
                    "recovery_version": null,
                    "serial": null,
                    "status": "disconnected",
                    "temperatures": null,
                    "tmc_fpga_version": null,
                    "uboot_version": null,
                    "uptime": null,
                    "vc_links": null,
                    "vc_mode": null,
                    "vc_role": null,
                    "vc_state": null,
                    "version": null
                  }
                ],
                "name": "CRB-ACC1",
                "org_id": "9777c1a0-6ef6-11e6-8bbf-02e208b2d34f",
                "route_summary_stats": null,
                "serial": "VM646F8A315D",
                "service_stat": null,
                "site_id": "a404ee98-2480-4723-9a02-6f3e080d5bff",
                "status": "disconnected",
                "uptime": null,
                "vc_mac": null,
                "vc_setup_info": null,
                "version": null
              },
              {
                "ap_redundancy": null,
                "arp_table_stats": null,
                "cert_expiry": null,
                "clients": null,
                "clients_stats": null,
                "config_status": null,
                "cpu_stat": null,
                "created_time": 1686075732,
                "deviceprofile_id": null,
                "dhcpd_stat": null,
                "evpntopo_id": null,
                "fw_versions_outofsync": null,
                "fwupdate": null,
                "has_pcap": null,
                "hostname": null,
                "hw_rev": "",
                "id": "00000000-0000-0000-1000-2c6bf5b0bb00",
                "if_stat": null,
                "ip": null,
                "ip_stat": null,
                "last_seen": null,
                "last_trouble": null,
                "mac": "2c6bf5b0bb00",
                "mac_table_stats": null,
                "map_id": null,
                "memory_stat": null,
                "model": "EX9214",
                "modified_time": 1690913667,
                "module_stat": [
                  {
                    "backup_version": null,
                    "bios_version": null,
                    "cpld_version": null,
                    "errors": null,
                    "fans": null,
                    "fpc_idx": null,
                    "fpga_version": null,
                    "last_seen": null,
                    "model": null,
                    "optics_cpld_version": null,
                    "pending_version": null,
                    "pics": null,
                    "poe": null,
                    "poe_version": null,
                    "power_cpld_version": null,
                    "psus": null,
                    "re_fpga_version": null,
                    "recovery_version": null,
                    "serial": null,
                    "status": "disconnected",
                    "temperatures": null,
                    "tmc_fpga_version": null,
                    "uboot_version": null,
                    "uptime": null,
                    "vc_links": null,
                    "vc_mode": null,
                    "vc_role": null,
                    "vc_state": null,
                    "version": null
                  }
                ],
                "name": "CRB-CORE2",
                "org_id": "9777c1a0-6ef6-11e6-8bbf-02e208b2d34f",
                "route_summary_stats": null,
                "serial": "VM646F8606EC",
                "service_stat": null,
                "site_id": "a404ee98-2480-4723-9a02-6f3e080d5bff",
                "status": "disconnected",
                "uptime": null,
                "vc_mac": null,
                "vc_setup_info": null,
                "version": null
              },
              {
                "ap_redundancy": null,
                "arp_table_stats": null,
                "cert_expiry": null,
                "clients": null,
                "clients_stats": null,
                "config_status": null,
                "cpu_stat": null,
                "created_time": 1686075732,
                "deviceprofile_id": null,
                "dhcpd_stat": null,
                "evpntopo_id": null,
                "fw_versions_outofsync": null,
                "fwupdate": null,
                "has_pcap": null,
                "hostname": null,
                "hw_rev": "",
                "id": "00000000-0000-0000-1000-2c6bf5dac500",
                "if_stat": null,
                "ip": null,
                "ip_stat": null,
                "last_seen": null,
                "last_trouble": null,
                "mac": "2c6bf5dac500",
                "mac_table_stats": null,
                "map_id": null,
                "memory_stat": null,
                "model": "EX9214",
                "modified_time": 1690913667,
                "module_stat": [
                  {
                    "backup_version": null,
                    "bios_version": null,
                    "cpld_version": null,
                    "errors": null,
                    "fans": null,
                    "fpc_idx": null,
                    "fpga_version": null,
                    "last_seen": null,
                    "model": null,
                    "optics_cpld_version": null,
                    "pending_version": null,
                    "pics": null,
                    "poe": null,
                    "poe_version": null,
                    "power_cpld_version": null,
                    "psus": null,
                    "re_fpga_version": null,
                    "recovery_version": null,
                    "serial": null,
                    "status": "disconnected",
                    "temperatures": null,
                    "tmc_fpga_version": null,
                    "uboot_version": null,
                    "uptime": null,
                    "vc_links": null,
                    "vc_mode": null,
                    "vc_role": null,
                    "vc_state": null,
                    "version": null
                  }
                ],
                "name": "CRB-CORE1",
                "org_id": "9777c1a0-6ef6-11e6-8bbf-02e208b2d34f",
                "route_summary_stats": null,
                "serial": "VM646F860BE2",
                "service_stat": null,
                "site_id": "a404ee98-2480-4723-9a02-6f3e080d5bff",
                "status": "disconnected",
                "uptime": null,
                "vc_mac": null,
                "vc_setup_info": null,
                "version": null
              },
              {
                "ap_redundancy": null,
                "arp_table_stats": null,
                "cert_expiry": null,
                "clients": null,
                "clients_stats": null,
                "config_status": null,
                "cpu_stat": null,
                "created_time": 1686075732,
                "deviceprofile_id": null,
                "dhcpd_stat": null,
                "evpntopo_id": null,
                "fw_versions_outofsync": null,
                "fwupdate": null,
                "has_pcap": null,
                "hostname": null,
                "hw_rev": "",
                "id": "00000000-0000-0000-1000-2c6bf5df9f00",
                "if_stat": null,
                "ip": null,
                "ip_stat": null,
                "last_seen": null,
                "last_trouble": null,
                "mac": "2c6bf5df9f00",
                "mac_table_stats": null,
                "map_id": null,
                "memory_stat": null,
                "model": "EX9214",
                "modified_time": 1690913667,
                "module_stat": [
                  {
                    "backup_version": null,
                    "bios_version": null,
                    "cpld_version": null,
                    "errors": null,
                    "fans": null,
                    "fpc_idx": null,
                    "fpga_version": null,
                    "last_seen": null,
                    "model": null,
                    "optics_cpld_version": null,
                    "pending_version": null,
                    "pics": null,
                    "poe": null,
                    "poe_version": null,
                    "power_cpld_version": null,
                    "psus": null,
                    "re_fpga_version": null,
                    "recovery_version": null,
                    "serial": null,
                    "status": "disconnected",
                    "temperatures": null,
                    "tmc_fpga_version": null,
                    "uboot_version": null,
                    "uptime": null,
                    "vc_links": null,
                    "vc_mode": null,
                    "vc_role": null,
                    "vc_state": null,
                    "version": null
                  }
                ],
                "name": "CRB-DIST2",
                "org_id": "9777c1a0-6ef6-11e6-8bbf-02e208b2d34f",
                "route_summary_stats": null,
                "serial": "VM646F8A33C8",
                "service_stat": null,
                "site_id": "a404ee98-2480-4723-9a02-6f3e080d5bff",
                "status": "disconnected",
                "uptime": null,
                "vc_mac": null,
                "vc_setup_info": null,
                "version": null
              },
              {
                "ap_redundancy": null,
                "arp_table_stats": null,
                "cert_expiry": null,
                "clients": null,
                "clients_stats": null,
                "config_status": null,
                "cpu_stat": null,
                "created_time": 1686075732,
                "deviceprofile_id": null,
                "dhcpd_stat": null,
                "evpntopo_id": null,
                "fw_versions_outofsync": null,
                "fwupdate": null,
                "has_pcap": null,
                "hostname": null,
                "hw_rev": "",
                "id": "00000000-0000-0000-1000-2c6bf5f1f200",
                "if_stat": null,
                "ip": null,
                "ip_stat": null,
                "last_seen": null,
                "last_trouble": null,
                "mac": "2c6bf5f1f200",
                "mac_table_stats": null,
                "map_id": null,
                "memory_stat": null,
                "model": "EX9214",
                "modified_time": 1690913667,
                "module_stat": [
                  {
                    "backup_version": null,
                    "bios_version": null,
                    "cpld_version": null,
                    "errors": null,
                    "fans": null,
                    "fpc_idx": null,
                    "fpga_version": null,
                    "last_seen": null,
                    "model": null,
                    "optics_cpld_version": null,
                    "pending_version": null,
                    "pics": null,
                    "poe": null,
                    "poe_version": null,
                    "power_cpld_version": null,
                    "psus": null,
                    "re_fpga_version": null,
                    "recovery_version": null,
                    "serial": null,
                    "status": "disconnected",
                    "temperatures": null,
                    "tmc_fpga_version": null,
                    "uboot_version": null,
                    "uptime": null,
                    "vc_links": null,
                    "vc_mode": null,
                    "vc_role": null,
                    "vc_state": null,
                    "version": null
                  }
                ],
                "name": "CRB-DIST1",
                "org_id": "9777c1a0-6ef6-11e6-8bbf-02e208b2d34f",
                "route_summary_stats": null,
                "serial": "VM646F860DB2",
                "service_stat": null,
                "site_id": "a404ee98-2480-4723-9a02-6f3e080d5bff",
                "status": "disconnected",
                "uptime": null,
                "vc_mac": null,
                "vc_setup_info": null,
                "version": null
              },
              {
                "ap_redundancy": null,
                "arp_table_stats": null,
                "cert_expiry": null,
                "clients": null,
                "clients_stats": null,
                "config_status": null,
                "cpu_stat": null,
                "created_time": 1686080395,
                "deviceprofile_id": null,
                "dhcpd_stat": null,
                "evpntopo_id": "4e8e495e-43d3-4896-b808-409307e1db10",
                "fw_versions_outofsync": null,
                "fwupdate": null,
                "has_pcap": null,
                "hostname": null,
                "hw_rev": "",
                "id": "00000000-0000-0000-1000-2c6bf5448600",
                "if_stat": null,
                "ip": null,
                "ip_stat": null,
                "last_seen": null,
                "last_trouble": null,
                "mac": "2c6bf5448600",
                "mac_table_stats": null,
                "map_id": null,
                "memory_stat": null,
                "model": "EX9214",
                "modified_time": 1715445206,
                "module_stat": [
                  {
                    "backup_version": null,
                    "bios_version": null,
                    "cpld_version": null,
                    "errors": null,
                    "fans": null,
                    "fpc_idx": null,
                    "fpga_version": null,
                    "last_seen": null,
                    "model": null,
                    "optics_cpld_version": null,
                    "pending_version": null,
                    "pics": null,
                    "poe": null,
                    "poe_version": null,
                    "power_cpld_version": null,
                    "psus": null,
                    "re_fpga_version": null,
                    "recovery_version": null,
                    "serial": null,
                    "status": "disconnected",
                    "temperatures": null,
                    "tmc_fpga_version": null,
                    "uboot_version": null,
                    "uptime": null,
                    "vc_links": null,
                    "vc_mode": null,
                    "vc_role": null,
                    "vc_state": null,
                    "version": null
                  }
                ],
                "name": "ERB-DIST1",
                "org_id": "9777c1a0-6ef6-11e6-8bbf-02e208b2d34f",
                "route_summary_stats": null,
                "serial": "VM646F8B61A4",
                "service_stat": null,
                "site_id": "a404ee98-2480-4723-9a02-6f3e080d5bff",
                "status": "disconnected",
                "uptime": null,
                "vc_mac": null,
                "vc_setup_info": null,
                "version": null
              },
              {
                "ap_redundancy": null,
                "arp_table_stats": null,
                "cert_expiry": null,
                "clients": null,
                "clients_stats": null,
                "config_status": null,
                "cpu_stat": null,
                "created_time": 1686080395,
                "deviceprofile_id": null,
                "dhcpd_stat": null,
                "evpntopo_id": "4e8e495e-43d3-4896-b808-409307e1db10",
                "fw_versions_outofsync": null,
                "fwupdate": null,
                "has_pcap": null,
                "hostname": null,
                "hw_rev": "",
                "id": "00000000-0000-0000-1000-2c6bf58a1600",
                "if_stat": null,
                "ip": null,
                "ip_stat": null,
                "last_seen": null,
                "last_trouble": null,
                "mac": "2c6bf58a1600",
                "mac_table_stats": null,
                "map_id": null,
                "memory_stat": null,
                "model": "EX9214",
                "modified_time": 1715445206,
                "module_stat": [
                  {
                    "backup_version": null,
                    "bios_version": null,
                    "cpld_version": null,
                    "errors": null,
                    "fans": null,
                    "fpc_idx": null,
                    "fpga_version": null,
                    "last_seen": null,
                    "model": null,
                    "optics_cpld_version": null,
                    "pending_version": null,
                    "pics": null,
                    "poe": null,
                    "poe_version": null,
                    "power_cpld_version": null,
                    "psus": null,
                    "re_fpga_version": null,
                    "recovery_version": null,
                    "serial": null,
                    "status": "disconnected",
                    "temperatures": null,
                    "tmc_fpga_version": null,
                    "uboot_version": null,
                    "uptime": null,
                    "vc_links": null,
                    "vc_mode": null,
                    "vc_role": null,
                    "vc_state": null,
                    "version": null
                  }
                ],
                "name": "ERB-ACC2",
                "org_id": "9777c1a0-6ef6-11e6-8bbf-02e208b2d34f",
                "route_summary_stats": null,
                "serial": "VM647F7F9651",
                "service_stat": null,
                "site_id": "a404ee98-2480-4723-9a02-6f3e080d5bff",
                "status": "disconnected",
                "uptime": null,
                "vc_mac": null,
                "vc_setup_info": null,
                "version": null
              },
              {
                "ap_redundancy": null,
                "arp_table_stats": null,
                "cert_expiry": null,
                "clients": null,
                "clients_stats": null,
                "config_status": null,
                "cpu_stat": null,
                "created_time": 1686080396,
                "deviceprofile_id": null,
                "dhcpd_stat": null,
                "evpntopo_id": "4e8e495e-43d3-4896-b808-409307e1db10",
                "fw_versions_outofsync": null,
                "fwupdate": null,
                "has_pcap": null,
                "hostname": null,
                "hw_rev": "",
                "id": "00000000-0000-0000-1000-2c6bf5e26500",
                "if_stat": null,
                "ip": null,
                "ip_stat": null,
                "last_seen": null,
                "last_trouble": null,
                "mac": "2c6bf5e26500",
                "mac_table_stats": null,
                "map_id": null,
                "memory_stat": null,
                "model": "EX9214",
                "modified_time": 1715445206,
                "module_stat": [
                  {
                    "backup_version": null,
                    "bios_version": null,
                    "cpld_version": null,
                    "errors": null,
                    "fans": null,
                    "fpc_idx": null,
                    "fpga_version": null,
                    "last_seen": null,
                    "model": null,
                    "optics_cpld_version": null,
                    "pending_version": null,
                    "pics": null,
                    "poe": null,
                    "poe_version": null,
                    "power_cpld_version": null,
                    "psus": null,
                    "re_fpga_version": null,
                    "recovery_version": null,
                    "serial": null,
                    "status": "disconnected",
                    "temperatures": null,
                    "tmc_fpga_version": null,
                    "uboot_version": null,
                    "uptime": null,
                    "vc_links": null,
                    "vc_mode": null,
                    "vc_role": null,
                    "vc_state": null,
                    "version": null
                  }
                ],
                "name": "ERB-DIST2",
                "org_id": "9777c1a0-6ef6-11e6-8bbf-02e208b2d34f",
                "route_summary_stats": null,
                "serial": "VM646F8B576B",
                "service_stat": null,
                "site_id": "a404ee98-2480-4723-9a02-6f3e080d5bff",
                "status": "disconnected",
                "uptime": null,
                "vc_mac": null,
                "vc_setup_info": null,
                "version": null
              },
              {
                "ap_redundancy": null,
                "arp_table_stats": null,
                "cert_expiry": null,
                "clients": null,
                "clients_stats": null,
                "config_status": null,
                "cpu_stat": null,
                "created_time": 1686080396,
                "deviceprofile_id": null,
                "dhcpd_stat": null,
                "evpntopo_id": "4e8e495e-43d3-4896-b808-409307e1db10",
                "fw_versions_outofsync": null,
                "fwupdate": null,
                "has_pcap": null,
                "hostname": null,
                "hw_rev": "",
                "id": "00000000-0000-0000-1000-2c6bf5e44800",
                "if_stat": null,
                "ip": null,
                "ip_stat": null,
                "last_seen": null,
                "last_trouble": null,
                "mac": "2c6bf5e44800",
                "mac_table_stats": null,
                "map_id": null,
                "memory_stat": null,
                "model": "EX9214",
                "modified_time": 1715445206,
                "module_stat": [
                  {
                    "backup_version": null,
                    "bios_version": null,
                    "cpld_version": null,
                    "errors": null,
                    "fans": null,
                    "fpc_idx": null,
                    "fpga_version": null,
                    "last_seen": null,
                    "model": null,
                    "optics_cpld_version": null,
                    "pending_version": null,
                    "pics": null,
                    "poe": null,
                    "poe_version": null,
                    "power_cpld_version": null,
                    "psus": null,
                    "re_fpga_version": null,
                    "recovery_version": null,
                    "serial": null,
                    "status": "disconnected",
                    "temperatures": null,
                    "tmc_fpga_version": null,
                    "uboot_version": null,
                    "uptime": null,
                    "vc_links": null,
                    "vc_mode": null,
                    "vc_role": null,
                    "vc_state": null,
                    "version": null
                  }
                ],
                "name": "ERB-ACC1",
                "org_id": "9777c1a0-6ef6-11e6-8bbf-02e208b2d34f",
                "route_summary_stats": null,
                "serial": "VM647F7F8A60",
                "service_stat": null,
                "site_id": "a404ee98-2480-4723-9a02-6f3e080d5bff",
                "status": "disconnected",
                "uptime": null,
                "vc_mac": null,
                "vc_setup_info": null,
                "version": null
              },
              {
                "ap_redundancy": null,
                "arp_table_stats": null,
                "cert_expiry": null,
                "clients": null,
                "clients_stats": null,
                "config_status": null,
                "cpu_stat": null,
                "created_time": 1686117231,
                "deviceprofile_id": null,
                "dhcpd_stat": null,
                "evpntopo_id": null,
                "fw_versions_outofsync": null,
                "fwupdate": null,
                "has_pcap": null,
                "hostname": null,
                "hw_rev": "",
                "id": "00000000-0000-0000-1000-2c6bf5875400",
                "if_stat": null,
                "ip": null,
                "ip_stat": null,
                "last_seen": null,
                "last_trouble": null,
                "mac": "2c6bf5875400",
                "mac_table_stats": null,
                "map_id": null,
                "memory_stat": null,
                "model": "EX9214",
                "modified_time": 1686118703,
                "module_stat": [
                  {
                    "backup_version": null,
                    "bios_version": null,
                    "cpld_version": null,
                    "errors": null,
                    "fans": null,
                    "fpc_idx": null,
                    "fpga_version": null,
                    "last_seen": null,
                    "model": null,
                    "optics_cpld_version": null,
                    "pending_version": null,
                    "pics": null,
                    "poe": null,
                    "poe_version": null,
                    "power_cpld_version": null,
                    "psus": null,
                    "re_fpga_version": null,
                    "recovery_version": null,
                    "serial": null,
                    "status": "disconnected",
                    "temperatures": null,
                    "tmc_fpga_version": null,
                    "uboot_version": null,
                    "uptime": null,
                    "vc_links": null,
                    "vc_mode": null,
                    "vc_role": null,
                    "vc_state": null,
                    "version": null
                  }
                ],
                "name": "NUC-LAB-CORE2",
                "org_id": "9777c1a0-6ef6-11e6-8bbf-02e208b2d34f",
                "route_summary_stats": null,
                "serial": "VM648003A160",
                "service_stat": null,
                "site_id": "a404ee98-2480-4723-9a02-6f3e080d5bff",
                "status": "disconnected",
                "uptime": null,
                "vc_mac": null,
                "vc_setup_info": null,
                "version": null
              },
              {
                "ap_redundancy": null,
                "arp_table_stats": null,
                "cert_expiry": null,
                "clients": null,
                "clients_stats": null,
                "config_status": null,
                "cpu_stat": null,
                "created_time": 1686117231,
                "deviceprofile_id": null,
                "dhcpd_stat": null,
                "evpntopo_id": null,
                "fw_versions_outofsync": null,
                "fwupdate": null,
                "has_pcap": null,
                "hostname": null,
                "hw_rev": "",
                "id": "00000000-0000-0000-1000-2c6bf5e7ce00",
                "if_stat": null,
                "ip": null,
                "ip_stat": null,
                "last_seen": null,
                "last_trouble": null,
                "mac": "2c6bf5e7ce00",
                "mac_table_stats": null,
                "map_id": null,
                "memory_stat": null,
                "model": "EX9214",
                "modified_time": 1686118690,
                "module_stat": [
                  {
                    "backup_version": null,
                    "bios_version": null,
                    "cpld_version": null,
                    "errors": null,
                    "fans": null,
                    "fpc_idx": null,
                    "fpga_version": null,
                    "last_seen": null,
                    "model": null,
                    "optics_cpld_version": null,
                    "pending_version": null,
                    "pics": null,
                    "poe": null,
                    "poe_version": null,
                    "power_cpld_version": null,
                    "psus": null,
                    "re_fpga_version": null,
                    "recovery_version": null,
                    "serial": null,
                    "status": "disconnected",
                    "temperatures": null,
                    "tmc_fpga_version": null,
                    "uboot_version": null,
                    "uptime": null,
                    "vc_links": null,
                    "vc_mode": null,
                    "vc_role": null,
                    "vc_state": null,
                    "version": null
                  }
                ],
                "name": "NUC-LAB-CORE1",
                "org_id": "9777c1a0-6ef6-11e6-8bbf-02e208b2d34f",
                "route_summary_stats": null,
                "serial": "VM648008AB8E",
                "service_stat": null,
                "site_id": "a404ee98-2480-4723-9a02-6f3e080d5bff",
                "status": "disconnected",
                "uptime": null,
                "vc_mac": null,
                "vc_setup_info": null,
                "version": null
              },
              {
                "ap_redundancy": null,
                "arp_table_stats": null,
                "cert_expiry": null,
                "clients": null,
                "clients_stats": null,
                "config_status": null,
                "cpu_stat": null,
                "created_time": 1686117484,
                "deviceprofile_id": null,
                "dhcpd_stat": null,
                "evpntopo_id": null,
                "fw_versions_outofsync": null,
                "fwupdate": null,
                "has_pcap": null,
                "hostname": null,
                "hw_rev": "",
                "id": "00000000-0000-0000-1000-2c6bf580b900",
                "if_stat": null,
                "ip": null,
                "ip_stat": null,
                "last_seen": null,
                "last_trouble": null,
                "mac": "2c6bf580b900",
                "mac_table_stats": null,
                "map_id": null,
                "memory_stat": null,
                "model": "EX9214",
                "modified_time": 1686118953,
                "module_stat": [
                  {
                    "backup_version": null,
                    "bios_version": null,
                    "cpld_version": null,
                    "errors": null,
                    "fans": null,
                    "fpc_idx": null,
                    "fpga_version": null,
                    "last_seen": null,
                    "model": null,
                    "optics_cpld_version": null,
                    "pending_version": null,
                    "pics": null,
                    "poe": null,
                    "poe_version": null,
                    "power_cpld_version": null,
                    "psus": null,
                    "re_fpga_version": null,
                    "recovery_version": null,
                    "serial": null,
                    "status": "disconnected",
                    "temperatures": null,
                    "tmc_fpga_version": null,
                    "uboot_version": null,
                    "uptime": null,
                    "vc_links": null,
                    "vc_mode": null,
                    "vc_role": null,
                    "vc_state": null,
                    "version": null
                  }
                ],
                "name": "NUC-LAB-DIST2",
                "org_id": "9777c1a0-6ef6-11e6-8bbf-02e208b2d34f",
                "route_summary_stats": null,
                "serial": "VM648003989C",
                "service_stat": null,
                "site_id": "a404ee98-2480-4723-9a02-6f3e080d5bff",
                "status": "disconnected",
                "uptime": null,
                "vc_mac": null,
                "vc_setup_info": null,
                "version": null
              },
              {
                "ap_redundancy": null,
                "arp_table_stats": null,
                "cert_expiry": null,
                "clients": null,
                "clients_stats": null,
                "config_status": null,
                "cpu_stat": null,
                "created_time": 1686117484,
                "deviceprofile_id": null,
                "dhcpd_stat": null,
                "evpntopo_id": null,
                "fw_versions_outofsync": null,
                "fwupdate": null,
                "has_pcap": null,
                "hostname": null,
                "hw_rev": "",
                "id": "00000000-0000-0000-1000-2c6bf5dd3e00",
                "if_stat": null,
                "ip": null,
                "ip_stat": null,
                "last_seen": null,
                "last_trouble": null,
                "mac": "2c6bf5dd3e00",
                "mac_table_stats": null,
                "map_id": null,
                "memory_stat": null,
                "model": "EX9214",
                "modified_time": 1686118715,
                "module_stat": [
                  {
                    "backup_version": null,
                    "bios_version": null,
                    "cpld_version": null,
                    "errors": null,
                    "fans": null,
                    "fpc_idx": null,
                    "fpga_version": null,
                    "last_seen": null,
                    "model": null,
                    "optics_cpld_version": null,
                    "pending_version": null,
                    "pics": null,
                    "poe": null,
                    "poe_version": null,
                    "power_cpld_version": null,
                    "psus": null,
                    "re_fpga_version": null,
                    "recovery_version": null,
                    "serial": null,
                    "status": "disconnected",
                    "temperatures": null,
                    "tmc_fpga_version": null,
                    "uboot_version": null,
                    "uptime": null,
                    "vc_links": null,
                    "vc_mode": null,
                    "vc_role": null,
                    "vc_state": null,
                    "version": null
                  }
                ],
                "name": "NUC-LAB-DIST1",
                "org_id": "9777c1a0-6ef6-11e6-8bbf-02e208b2d34f",
                "route_summary_stats": null,
                "serial": "VM6480039882",
                "service_stat": null,
                "site_id": "a404ee98-2480-4723-9a02-6f3e080d5bff",
                "status": "disconnected",
                "uptime": null,
                "vc_mac": null,
                "vc_setup_info": null,
                "version": null
              },
              {
                "ap_redundancy": null,
                "arp_table_stats": null,
                "cert_expiry": null,
                "clients": null,
                "clients_stats": null,
                "config_status": null,
                "cpu_stat": null,
                "created_time": 1686117678,
                "deviceprofile_id": null,
                "dhcpd_stat": null,
                "evpntopo_id": null,
                "fw_versions_outofsync": null,
                "fwupdate": null,
                "has_pcap": null,
                "hostname": null,
                "hw_rev": "",
                "id": "00000000-0000-0000-1000-2c6bf5117900",
                "if_stat": null,
                "ip": null,
                "ip_stat": null,
                "last_seen": null,
                "last_trouble": null,
                "mac": "2c6bf5117900",
                "mac_table_stats": null,
                "map_id": null,
                "memory_stat": null,
                "model": "EX9214",
                "modified_time": 1686118742,
                "module_stat": [
                  {
                    "backup_version": null,
                    "bios_version": null,
                    "cpld_version": null,
                    "errors": null,
                    "fans": null,
                    "fpc_idx": null,
                    "fpga_version": null,
                    "last_seen": null,
                    "model": null,
                    "optics_cpld_version": null,
                    "pending_version": null,
                    "pics": null,
                    "poe": null,
                    "poe_version": null,
                    "power_cpld_version": null,
                    "psus": null,
                    "re_fpga_version": null,
                    "recovery_version": null,
                    "serial": null,
                    "status": "disconnected",
                    "temperatures": null,
                    "tmc_fpga_version": null,
                    "uboot_version": null,
                    "uptime": null,
                    "vc_links": null,
                    "vc_mode": null,
                    "vc_role": null,
                    "vc_state": null,
                    "version": null
                  }
                ],
                "name": "NUC-LAB-ACC1",
                "org_id": "9777c1a0-6ef6-11e6-8bbf-02e208b2d34f",
                "route_summary_stats": null,
                "serial": "VM6480039E50",
                "service_stat": null,
                "site_id": "a404ee98-2480-4723-9a02-6f3e080d5bff",
                "status": "disconnected",
                "uptime": null,
                "vc_mac": null,
                "vc_setup_info": null,
                "version": null
              },
              {
                "ap_redundancy": null,
                "arp_table_stats": null,
                "cert_expiry": null,
                "clients": null,
                "clients_stats": null,
                "config_status": null,
                "cpu_stat": null,
                "created_time": 1686117694,
                "deviceprofile_id": null,
                "dhcpd_stat": null,
                "evpntopo_id": null,
                "fw_versions_outofsync": null,
                "fwupdate": null,
                "has_pcap": null,
                "hostname": null,
                "hw_rev": "",
                "id": "00000000-0000-0000-1000-2c6bf5747400",
                "if_stat": null,
                "ip": null,
                "ip_stat": null,
                "last_seen": null,
                "last_trouble": null,
                "mac": "2c6bf5747400",
                "mac_table_stats": null,
                "map_id": null,
                "memory_stat": null,
                "model": "EX9214",
                "modified_time": 1686118765,
                "module_stat": [
                  {
                    "backup_version": null,
                    "bios_version": null,
                    "cpld_version": null,
                    "errors": null,
                    "fans": null,
                    "fpc_idx": null,
                    "fpga_version": null,
                    "last_seen": null,
                    "model": null,
                    "optics_cpld_version": null,
                    "pending_version": null,
                    "pics": null,
                    "poe": null,
                    "poe_version": null,
                    "power_cpld_version": null,
                    "psus": null,
                    "re_fpga_version": null,
                    "recovery_version": null,
                    "serial": null,
                    "status": "disconnected",
                    "temperatures": null,
                    "tmc_fpga_version": null,
                    "uboot_version": null,
                    "uptime": null,
                    "vc_links": null,
                    "vc_mode": null,
                    "vc_role": null,
                    "vc_state": null,
                    "version": null
                  }
                ],
                "name": "NUC-LAB-ACC2",
                "org_id": "9777c1a0-6ef6-11e6-8bbf-02e208b2d34f",
                "route_summary_stats": null,
                "serial": "VM648003A00A",
                "service_stat": null,
                "site_id": "a404ee98-2480-4723-9a02-6f3e080d5bff",
                "status": "disconnected",
                "uptime": null,
                "vc_mac": null,
                "vc_setup_info": null,
                "version": null
              },
              {
                "ap_redundancy": null,
                "arp_table_stats": null,
                "cert_expiry": null,
                "clients": null,
                "clients_stats": null,
                "config_status": null,
                "cpu_stat": null,
                "created_time": 1697126749,
                "deviceprofile_id": null,
                "dhcpd_stat": null,
                "evpntopo_id": null,
                "fw_versions_outofsync": null,
                "fwupdate": null,
                "has_pcap": null,
                "hostname": null,
                "hw_rev": "",
                "id": "00000000-0000-0000-1000-2c6bf5bf6c00",
                "if_stat": null,
                "ip": null,
                "ip_stat": null,
                "last_seen": null,
                "last_trouble": null,
                "mac": "2c6bf5bf6c00",
                "mac_table_stats": null,
                "map_id": null,
                "memory_stat": null,
                "model": "EX9214",
                "modified_time": 1697126750,
                "module_stat": [
                  {
                    "backup_version": null,
                    "bios_version": null,
                    "cpld_version": null,
                    "errors": null,
                    "fans": null,
                    "fpc_idx": null,
                    "fpga_version": null,
                    "last_seen": null,
                    "model": null,
                    "optics_cpld_version": null,
                    "pending_version": null,
                    "pics": null,
                    "poe": null,
                    "poe_version": null,
                    "power_cpld_version": null,
                    "psus": null,
                    "re_fpga_version": null,
                    "recovery_version": null,
                    "serial": null,
                    "status": "disconnected",
                    "temperatures": null,
                    "tmc_fpga_version": null,
                    "uboot_version": null,
                    "uptime": null,
                    "vc_links": null,
                    "vc_mode": null,
                    "vc_role": null,
                    "vc_state": null,
                    "version": null
                  }
                ],
                "name": "IPCLOS-DIST2",
                "org_id": "9777c1a0-6ef6-11e6-8bbf-02e208b2d34f",
                "route_summary_stats": null,
                "serial": "VM646BFD097B",
                "service_stat": null,
                "site_id": "a404ee98-2480-4723-9a02-6f3e080d5bff",
                "status": "disconnected",
                "uptime": null,
                "vc_mac": null,
                "vc_setup_info": null,
                "version": null
              },
              {
                "ap_redundancy": null,
                "arp_table_stats": null,
                "cert_expiry": null,
                "clients": null,
                "clients_stats": null,
                "config_status": null,
                "cpu_stat": null,
                "created_time": 1697126750,
                "deviceprofile_id": null,
                "dhcpd_stat": null,
                "evpntopo_id": null,
                "fw_versions_outofsync": null,
                "fwupdate": null,
                "has_pcap": null,
                "hostname": null,
                "hw_rev": "",
                "id": "00000000-0000-0000-1000-2c6bf5d59300",
                "if_stat": null,
                "ip": null,
                "ip_stat": null,
                "last_seen": null,
                "last_trouble": null,
                "mac": "2c6bf5d59300",
                "mac_table_stats": null,
                "map_id": null,
                "memory_stat": null,
                "model": "EX9214",
                "modified_time": 1697126750,
                "module_stat": [
                  {
                    "backup_version": null,
                    "bios_version": null,
                    "cpld_version": null,
                    "errors": null,
                    "fans": null,
                    "fpc_idx": null,
                    "fpga_version": null,
                    "last_seen": null,
                    "model": null,
                    "optics_cpld_version": null,
                    "pending_version": null,
                    "pics": null,
                    "poe": null,
                    "poe_version": null,
                    "power_cpld_version": null,
                    "psus": null,
                    "re_fpga_version": null,
                    "recovery_version": null,
                    "serial": null,
                    "status": "disconnected",
                    "temperatures": null,
                    "tmc_fpga_version": null,
                    "uboot_version": null,
                    "uptime": null,
                    "vc_links": null,
                    "vc_mode": null,
                    "vc_role": null,
                    "vc_state": null,
                    "version": null
                  }
                ],
                "name": "IPCLOS-ACC2",
                "org_id": "9777c1a0-6ef6-11e6-8bbf-02e208b2d34f",
                "route_summary_stats": null,
                "serial": "VM646C411215",
                "service_stat": null,
                "site_id": "a404ee98-2480-4723-9a02-6f3e080d5bff",
                "status": "disconnected",
                "uptime": null,
                "vc_mac": null,
                "vc_setup_info": null,
                "version": null
              },
              {
                "ap_redundancy": null,
                "arp_table_stats": null,
                "cert_expiry": null,
                "clients": null,
                "clients_stats": null,
                "config_status": null,
                "cpu_stat": null,
                "created_time": 1697126750,
                "deviceprofile_id": null,
                "dhcpd_stat": null,
                "evpntopo_id": null,
                "fw_versions_outofsync": null,
                "fwupdate": null,
                "has_pcap": null,
                "hostname": null,
                "hw_rev": "",
                "id": "00000000-0000-0000-1000-2c6bf5fa9d00",
                "if_stat": null,
                "ip": null,
                "ip_stat": null,
                "last_seen": null,
                "last_trouble": null,
                "mac": "2c6bf5fa9d00",
                "mac_table_stats": null,
                "map_id": null,
                "memory_stat": null,
                "model": "EX9214",
                "modified_time": 1705901779,
                "module_stat": [
                  {
                    "backup_version": null,
                    "bios_version": null,
                    "cpld_version": null,
                    "errors": null,
                    "fans": null,
                    "fpc_idx": null,
                    "fpga_version": null,
                    "last_seen": null,
                    "model": null,
                    "optics_cpld_version": null,
                    "pending_version": null,
                    "pics": null,
                    "poe": null,
                    "poe_version": null,
                    "power_cpld_version": null,
                    "psus": null,
                    "re_fpga_version": null,
                    "recovery_version": null,
                    "serial": null,
                    "status": "disconnected",
                    "temperatures": null,
                    "tmc_fpga_version": null,
                    "uboot_version": null,
                    "uptime": null,
                    "vc_links": null,
                    "vc_mode": null,
                    "vc_role": null,
                    "vc_state": null,
                    "version": null
                  }
                ],
                "name": "IPCLOS-DIST1",
                "org_id": "9777c1a0-6ef6-11e6-8bbf-02e208b2d34f",
                "route_summary_stats": null,
                "serial": "VM646BFD0331",
                "service_stat": null,
                "site_id": "a404ee98-2480-4723-9a02-6f3e080d5bff",
                "status": "disconnected",
                "uptime": null,
                "vc_mac": null,
                "vc_setup_info": null,
                "version": null
              },
              {
                "ap_redundancy": null,
                "arp_table_stats": null,
                "cert_expiry": null,
                "clients": null,
                "clients_stats": null,
                "config_status": null,
                "cpu_stat": null,
                "created_time": 1706312940,
                "deviceprofile_id": null,
                "dhcpd_stat": null,
                "evpntopo_id": null,
                "fw_versions_outofsync": null,
                "fwupdate": null,
                "has_pcap": null,
                "hostname": null,
                "hw_rev": "",
                "id": "00000000-0000-0000-1000-2c6bf5428800",
                "if_stat": null,
                "ip": null,
                "ip_stat": null,
                "last_seen": null,
                "last_trouble": null,
                "mac": "2c6bf5428800",
                "mac_table_stats": null,
                "map_id": null,
                "memory_stat": null,
                "model": "EX9214",
                "modified_time": 1706312940,
                "module_stat": [
                  {
                    "backup_version": null,
                    "bios_version": null,
                    "cpld_version": null,
                    "errors": null,
                    "fans": null,
                    "fpc_idx": null,
                    "fpga_version": null,
                    "last_seen": null,
                    "model": null,
                    "optics_cpld_version": null,
                    "pending_version": null,
                    "pics": null,
                    "poe": null,
                    "poe_version": null,
                    "power_cpld_version": null,
                    "psus": null,
                    "re_fpga_version": null,
                    "recovery_version": null,
                    "serial": null,
                    "status": "disconnected",
                    "temperatures": null,
                    "tmc_fpga_version": null,
                    "uboot_version": null,
                    "uptime": null,
                    "vc_links": null,
                    "vc_mode": null,
                    "vc_role": null,
                    "vc_state": null,
                    "version": null
                  }
                ],
                "name": "ERB-CORE1",
                "org_id": "9777c1a0-6ef6-11e6-8bbf-02e208b2d34f",
                "route_summary_stats": null,
                "serial": "VM646F8B5E4E",
                "service_stat": null,
                "site_id": "6546cf6f-b640-43cc-927a-d7fcbbba1772",
                "status": "disconnected",
                "uptime": null,
                "vc_mac": null,
                "vc_setup_info": null,
                "version": null
              },
              {
                "ap_redundancy": null,
                "arp_table_stats": null,
                "cert_expiry": null,
                "clients": null,
                "clients_stats": null,
                "config_status": null,
                "cpu_stat": null,
                "created_time": 1710222995,
                "deviceprofile_id": null,
                "dhcpd_stat": null,
                "evpntopo_id": null,
                "fw_versions_outofsync": null,
                "fwupdate": null,
                "has_pcap": null,
                "hostname": null,
                "hw_rev": "",
                "id": "00000000-0000-0000-1000-2c6bf5b26600",
                "if_stat": null,
                "ip": null,
                "ip_stat": null,
                "last_seen": null,
                "last_trouble": null,
                "mac": "2c6bf5b26600",
                "mac_table_stats": null,
                "map_id": null,
                "memory_stat": null,
                "model": "EX9214",
                "modified_time": 1710222995,
                "module_stat": [
                  {
                    "backup_version": null,
                    "bios_version": null,
                    "cpld_version": null,
                    "errors": null,
                    "fans": null,
                    "fpc_idx": null,
                    "fpga_version": null,
                    "last_seen": null,
                    "model": null,
                    "optics_cpld_version": null,
                    "pending_version": null,
                    "pics": null,
                    "poe": null,
                    "poe_version": null,
                    "power_cpld_version": null,
                    "psus": null,
                    "re_fpga_version": null,
                    "recovery_version": null,
                    "serial": null,
                    "status": "disconnected",
                    "temperatures": null,
                    "tmc_fpga_version": null,
                    "uboot_version": null,
                    "uptime": null,
                    "vc_links": null,
                    "vc_mode": null,
                    "vc_role": null,
                    "vc_state": null,
                    "version": null
                  }
                ],
                "name": "ERB-CORE2",
                "org_id": "9777c1a0-6ef6-11e6-8bbf-02e208b2d34f",
                "route_summary_stats": null,
                "serial": "VM646F8B5954",
                "service_stat": null,
                "site_id": "6546cf6f-b640-43cc-927a-d7fcbbba1772",
                "status": "disconnected",
                "uptime": null,
                "vc_mac": null,
                "vc_setup_info": null,
                "version": null
              },
              {
                "ap_redundancy": null,
                "arp_table_stats": null,
                "cert_expiry": null,
                "clients": null,
                "clients_stats": null,
                "config_status": null,
                "cpu_stat": null,
                "created_time": 1720787984,
                "deviceprofile_id": null,
                "dhcpd_stat": null,
                "evpntopo_id": null,
                "fw_versions_outofsync": null,
                "fwupdate": null,
                "has_pcap": null,
                "hostname": null,
                "hw_rev": "M",
                "id": "00000000-0000-0000-1000-78507cf57567",
                "if_stat": null,
                "ip": null,
                "ip_stat": null,
                "last_seen": 1719266903,
                "last_trouble": null,
                "mac": "78507cf57567",
                "mac_table_stats": null,
                "map_id": null,
                "memory_stat": null,
                "model": "EX2300-C-12P",
                "modified_time": 1720787984,
                "module_stat": [
                  {
                    "backup_version": null,
                    "bios_version": null,
                    "cpld_version": null,
                    "errors": null,
                    "fans": null,
                    "fpc_idx": null,
                    "fpga_version": null,
                    "last_seen": null,
                    "model": null,
                    "optics_cpld_version": null,
                    "pending_version": null,
                    "pics": null,
                    "poe": null,
                    "poe_version": null,
                    "power_cpld_version": null,
                    "psus": null,
                    "re_fpga_version": null,
                    "recovery_version": null,
                    "serial": null,
                    "status": "disconnected",
                    "temperatures": null,
                    "tmc_fpga_version": null,
                    "uboot_version": null,
                    "uptime": null,
                    "vc_links": null,
                    "vc_mode": null,
                    "vc_role": null,
                    "vc_state": null,
                    "version": null
                  }
                ],
                "name": "",
                "org_id": "9777c1a0-6ef6-11e6-8bbf-02e208b2d34f",
                "route_summary_stats": null,
                "serial": "HV3620020008",
                "service_stat": null,
                "site_id": "81e8deb4-b005-404e-8b07-b352b7686101",
                "status": "disconnected",
                "uptime": null,
                "vc_mac": null,
                "vc_setup_info": null,
                "version": null
              }
            ],
            "duration": null,
            "end": null,
            "evpn_unused": null,
            "evpntopo_id": null,
            "mac": null,
            "org_id": "9777c1a0-6ef6-11e6-8bbf-02e208b2d34f",
            "site_id": null,
            "start": null,
            "status": null
          },
          "sensitive_attributes": []
        }
      ]
    },
    {
      "mode": "managed",
      "type": "mist_org",
      "name": "terraform_test",
      "provider": "provider[\"registry.terraform.io/juniper/mist\"]",
      "instances": [
        {
          "schema_version": 0,
          "attributes": {
            "alarmtemplate_id": null,
            "allow_mist": true,
            "id": "992bf4b9-c900-4850-9992-107b2f9df928",
            "msp_id": null,
            "msp_logo_url": null,
            "msp_name": null,
            "name": "Terraform Testing",
            "orggroup_ids": [],
            "session_expiry": 1440
          },
          "sensitive_attributes": []
        }
      ]
    }
  ],
  "check_results": null
}
