{
  "version": 4,
  "terraform_version": "1.9.2",
  "serial": 1385,
  "lineage": "20532229-881e-4371-f1fd-11d081e97e25",
  "outputs": {},
  "resources": [
    {
      "mode": "data",
      "type": "mist_device_switch_stats",
      "name": "example2",
      "provider": "provider[\"registry.terraform.io/juniper/mist\"]",
      "instances": [
        {
          "schema_version": 0,
          "attributes": {
            "device_switch_stats": [
              {
                "ap_redundancy": null,
                "arp_table_stats": {
                  "arp_table_count": 3,
                  "max_entries_supported": 24000
                },
                "cert_expiry": null,
                "clients": [
                  {
                    "device_mac": "c0bfa701fe20",
                    "hostname": null,
                    "mac": "fc334262f980",
                    "port_id": "mge-0/0/23"
                  },
                  {
                    "device_mac": "c0bfa701fe20",
                    "hostname": null,
                    "mac": "c0bfa70222a0",
                    "port_id": "mge-0/0/20"
                  },
                  {
                    "device_mac": "c0bfa701fe20",
                    "hostname": null,
                    "mac": "c0bfa7017894",
                    "port_id": "mge-0/0/19"
                  },
                  {
                    "device_mac": "c0bfa701fe20",
                    "hostname": null,
                    "mac": "c0bfa701fda0",
                    "port_id": "mge-0/0/21,mge-0/0/22"
                  }
                ],
                "clients_stats": {
                  "total": {
                    "num_aps": [
                      0
                    ],
                    "num_wired_clients": 4
                  }
                },
                "config_status": "COMMITED",
                "cpu_stat": {
                  "idle": 93,
                  "interrupt": 0,
                  "load_avg": [
                    0.32,
                    0.32,
                    0.32
                  ],
                  "system": 2,
                  "user": 5
                },
                "created_time": 1720566615,
                "deviceprofile_id": null,
                "dhcpd_stat": {},
                "evpntopo_id": "1bec640e-eaac-4214-8954-58adfb008b52",
                "fw_versions_outofsync": false,
                "fwupdate": null,
                "has_pcap": false,
                "hostname": "CORE1",
                "hw_rev": "M",
                "id": "00000000-0000-0000-1000-c0bfa701fe20",
                "if_stat": {
                  "irb.100": {
                    "address_mode": null,
                    "ips": [
                      "10.10.100.116/24"
                    ],
                    "nat_addresses": null,
                    "network_name": null,
                    "port_id": "irb",
                    "port_usage": null,
                    "redundancy_state": null,
                    "rx_bytes": 691172279,
                    "rx_pkts": 1836439,
                    "servp_info": {
                      "asn": null,
                      "city": null,
                      "country_code": null,
                      "latitude": null,
                      "longitude": null,
                      "org": null,
                      "region_code": null
                    },
                    "tx_bytes": 530902181,
                    "tx_pkts": 748497,
                    "up": true,
                    "vlan": 100,
                    "wan_name": null,
                    "wan_type": null
                  },
                  "lo0.0": {
                    "address_mode": null,
                    "ips": [
                      "172.16.254.2/0"
                    ],
                    "nat_addresses": null,
                    "network_name": null,
                    "port_id": "lo0",
                    "port_usage": null,
                    "redundancy_state": null,
                    "rx_bytes": 4875296,
                    "rx_pkts": 23604,
                    "servp_info": {
                      "asn": null,
                      "city": null,
                      "country_code": null,
                      "latitude": null,
                      "longitude": null,
                      "org": null,
                      "region_code": null
                    },
                    "tx_bytes": 4875296,
                    "tx_pkts": 23604,
                    "up": true,
                    "vlan": null,
                    "wan_name": null,
                    "wan_type": null
                  },
                  "lo0.16384": {
                    "address_mode": null,
                    "ips": [
                      "127.0.0.1/0"
                    ],
                    "nat_addresses": null,
                    "network_name": null,
                    "port_id": "lo0",
                    "port_usage": null,
                    "redundancy_state": null,
                    "rx_bytes": 0,
                    "rx_pkts": 0,
                    "servp_info": {
                      "asn": null,
                      "city": null,
                      "country_code": null,
                      "latitude": null,
                      "longitude": null,
                      "org": null,
                      "region_code": null
                    },
                    "tx_bytes": 0,
                    "tx_pkts": 0,
                    "up": true,
                    "vlan": null,
                    "wan_name": null,
                    "wan_type": null
                  },
                  "lo0.16385": {
                    "address_mode": null,
                    "ips": null,
                    "nat_addresses": null,
                    "network_name": null,
                    "port_id": "lo0",
                    "port_usage": null,
                    "redundancy_state": null,
                    "rx_bytes": 1469115190,
                    "rx_pkts": 14957744,
                    "servp_info": null,
                    "tx_bytes": 1469114680,
                    "tx_pkts": 14957731,
                    "up": true,
                    "vlan": null,
                    "wan_name": null,
                    "wan_type": null
                  },
                  "me0.0": {
                    "address_mode": null,
                    "ips": null,
                    "nat_addresses": null,
                    "network_name": null,
                    "port_id": "me0",
                    "port_usage": null,
                    "redundancy_state": null,
                    "rx_bytes": 0,
                    "rx_pkts": 0,
                    "servp_info": null,
                    "tx_bytes": 0,
                    "tx_pkts": 0,
                    "up": false,
                    "vlan": null,
                    "wan_name": null,
                    "wan_type": null
                  },
                  "vme.0": {
                    "address_mode": null,
                    "ips": null,
                    "nat_addresses": null,
                    "network_name": null,
                    "port_id": "vme",
                    "port_usage": null,
                    "redundancy_state": null,
                    "rx_bytes": 0,
                    "rx_pkts": 0,
                    "servp_info": null,
                    "tx_bytes": 0,
                    "tx_pkts": 0,
                    "up": false,
                    "vlan": null,
                    "wan_name": null,
                    "wan_type": null
                  }
                },
                "ip": "172.16.254.2",
                "ip_stat": {
                  "dhcp_server": null,
                  "dns": null,
                  "dns_suffix": null,
                  "gateway": "10.10.100.1",
                  "gateway6": null,
                  "ip": "10.10.100.116",
                  "ip6": null,
                  "ips": {
                    "vlan1": "172.16.254.2,127.0.0.1",
                    "vlan100": "10.10.100.116"
                  },
                  "netmask": "255.255.255.255",
                  "netmask6": null
                },
                "last_seen": 1720867848,
                "last_trouble": null,
                "mac": "c0bfa701fe20",
                "mac_table_stats": {
                  "mac_table_count": 8,
                  "max_mac_entries_supported": 112000
                },
                "map_id": null,
                "memory_stat": {
                  "usage": 17
                },
                "model": "EX4400-24MP",
                "modified_time": 1720812244,
                "module_stat": [
                  {
                    "backup_version": "21.2R3-S2.9",
                    "bios_version": "CDEN_P_EX0_00.12.01.01",
                    "cpld_version": "",
                    "errors": null,
                    "fans": [
                      {
                        "airflow": "out",
                        "name": "FPC 0 Fan Tray 0 Fan 0",
                        "status": "ok"
                      },
                      {
                        "airflow": "out",
                        "name": "FPC 0 Fan Tray 0 Fan 1",
                        "status": "ok"
                      },
                      {
                        "airflow": "out",
                        "name": "FPC 0 Fan Tray 1 Fan 0",
                        "status": "ok"
                      },
                      {
                        "airflow": "out",
                        "name": "FPC 0 Fan Tray 1 Fan 1",
                        "status": "ok"
                      }
                    ],
                    "fpc_idx": 0,
                    "fpga_version": "",
                    "last_seen": null,
                    "model": "EX4400-24MP",
                    "optics_cpld_version": "",
                    "pending_version": "",
                    "pics": [
                      {
                        "index": 0,
                        "model_number": "EX4400-24MP-S",
                        "port_groups": [
                          {
                            "count": 24,
                            "type": "GE"
                          }
                        ]
                      },
                      {
                        "index": 1,
                        "model_number": "EX4400-24MP-S",
                        "port_groups": [
                          {
                            "count": 2,
                            "type": "QSFP28"
                          }
                        ]
                      }
                    ],
                    "poe": {
                      "max_power": 753,
                      "power_draw": 0
                    },
                    "poe_version": "3.4.9.0.27 (type1)",
                    "power_cpld_version": "",
                    "psus": [
                      {
                        "name": "Power Supply 1",
                        "status": "absent"
                      },
                      {
                        "name": "Power Supply 0",
                        "status": "ok"
                      }
                    ],
                    "re_fpga_version": "",
                    "recovery_version": "",
                    "serial": "ZG4320440041",
                    "status": null,
                    "temperatures": [
                      {
                        "celsius": 32,
                        "name": "Main Board Sensor 1",
                        "status": "ok"
                      },
                      {
                        "celsius": 29,
                        "name": "Main Board Sensor 2",
                        "status": "ok"
                      },
                      {
                        "celsius": 28,
                        "name": "Main Board Sensor 3",
                        "status": "ok"
                      },
                      {
                        "celsius": 24,
                        "name": "Main Board Sensor 4",
                        "status": "ok"
                      },
                      {
                        "celsius": 21,
                        "name": "Main Board Sensor 5",
                        "status": "ok"
                      },
                      {
                        "celsius": 24,
                        "name": "Main Board Sensor 6",
                        "status": "ok"
                      },
                      {
                        "celsius": 37,
                        "name": "PFE Die Sensor",
                        "status": "ok"
                      },
                      {
                        "celsius": 34,
                        "name": "CPU Die Sensor",
                        "status": "ok"
                      }
                    ],
                    "tmc_fpga_version": "",
                    "uboot_version": "",
                    "uptime": 300420,
                    "vc_links": [],
                    "vc_mode": "HiGiG",
                    "vc_role": "master",
                    "vc_state": "present",
                    "version": "22.4R3.25"
                  }
                ],
                "name": "CORE1",
                "org_id": "9777c1a0-6ef6-11e6-8bbf-02e208b2d34f",
                "route_summary_stats": {
                  "fib_routes": 11,
                  "max_unicast_routes_supported": 81000,
                  "rib_routes": 165,
                  "total_routes": 11
                },
                "serial": "ZG4320440041",
                "service_stat": {},
                "site_id": "abe3b357-fd9d-4af3-b76b-5ab740942289",
                "status": "connected",
                "uptime": 300444,
                "vc_mac": null,
                "vc_setup_info": {
                  "config_type": "nonprovisioned",
                  "err_missing_dev_id_fpc": false
                },
                "version": "22.4R3.25"
              }
            ],
            "duration": null,
            "end": null,
            "evpn_unused": null,
            "evpntopo_id": null,
            "mac": null,
            "org_id": "9777c1a0-6ef6-11e6-8bbf-02e208b2d34f",
            "site_id": null,
            "start": null,
            "status": null
          },
          "sensitive_attributes": []
        }
      ]
    },
    {
      "mode": "managed",
      "type": "mist_org",
      "name": "terraform_test",
      "provider": "provider[\"registry.terraform.io/juniper/mist\"]",
      "instances": [
        {
          "schema_version": 0,
          "attributes": {
            "alarmtemplate_id": null,
            "allow_mist": true,
            "id": "992bf4b9-c900-4850-9992-107b2f9df928",
            "msp_id": null,
            "msp_logo_url": null,
            "msp_name": null,
            "name": "Terraform Testing",
            "orggroup_ids": [],
            "session_expiry": 1440
          },
          "sensitive_attributes": []
        }
      ]
    }
  ],
  "check_results": null
}
