{
  "version": 4,
  "terraform_version": "1.8.5",
  "serial": 455,
  "lineage": "b3ffaa77-1235-14bb-f123-a133955f78a0",
  "outputs": {},
  "resources": [
    {
      "mode": "managed",
      "type": "mist_gatewaytemplate",
      "name": "demo",
      "provider": "provider[\"registry.terraform.io/juniper/mist\"]",
      "instances": [
        {
          "schema_version": 0,
          "attributes": {
            "additional_config_cmds": [],
            "bgp_config": {
              "bgp-group1": {
                "auth_key": "",
                "bfd_minimum_interval": 350,
                "bfd_multiplier": 3,
                "communities": [],
                "disable_bfd": false,
                "export": "",
                "export_policy": "",
                "extended_v4_nexthop": false,
                "graceful_restart_time": 0,
                "hold_time": 90,
                "import": "",
                "import_policy": "ibgp-hub-preference",
                "local_as": 0,
                "neighbor_as": 0,
                "neighbors": {},
                "networks": [],
                "no_readvertise_to_overlay": false,
                "type": "",
                "via": "vpn",
                "vpn_name": "OrgOverlay",
                "wan_name": ""
              }
            },
            "dhcpd_config": {
              "config": {
                "corp_network": {
                  "dns_servers": [
                    "8.8.8.8",
                    "1.1.1.1"
                  ],
                  "dns_suffix": [],
                  "fixed_bindings": {},
                  "gateway": "{{corp_ip}}",
                  "ip_end4": "",
                  "ip_end6": "",
                  "ip_start4": "",
                  "ip_start6": "",
                  "lease_time": 86400,
                  "options": {},
                  "server_id_override": false,
                  "servers4": [],
                  "servers6": [],
                  "type4": "local",
                  "type6": "none",
                  "vendor_encapulated": {}
                }
              },
              "enabled": true
            },
            "dns_override": true,
            "dns_servers": [
              "8.8.8.8"
            ],
            "dns_suffix": [],
            "extra_routes": {},
            "id": "4cc5ed40-ac91-4ae1-8e94-9928973d917c",
            "idp_profiles": {},
            "ip_configs": {
              "corp_network": {
                "ip": "{{corp_ip}}",
                "netmask": "/{{corp_CIDR}}",
                "secondary_ips": []
              }
            },
            "name": "sdwan-westford",
            "networks": [],
            "ntp_override": true,
            "ntp_servers": [
              "pool.ntp.org"
            ],
            "org_id": "0361cd9b-a480-4ba2-8cdd-7193ec102afa",
            "path_preferences": {
              "broadband-overlay": {
                "paths": [
                  {
                    "cost": 0,
                    "disabled": false,
                    "gateway_ip": "",
                    "internet_access": false,
                    "name": "sdwan_newyork_hub-external1.OrgOverlay",
                    "networks": [],
                    "target_ips": [],
                    "type": "vpn",
                    "wan_name": ""
                  }
                ],
                "strategy": "ordered"
              },
              "internet-breakout": {
                "paths": [
                  {
                    "cost": 0,
                    "disabled": false,
                    "gateway_ip": "",
                    "internet_access": false,
                    "name": "wan1-broadband",
                    "networks": [],
                    "target_ips": [],
                    "type": "wan",
                    "wan_name": ""
                  }
                ],
                "strategy": "ordered"
              },
              "to-corp-lan": {
                "paths": [
                  {
                    "cost": 0,
                    "disabled": false,
                    "gateway_ip": "",
                    "internet_access": false,
                    "name": "",
                    "networks": [
                      "corp_network"
                    ],
                    "target_ips": [],
                    "type": "local",
                    "wan_name": ""
                  }
                ],
                "strategy": "ordered"
              }
            },
            "port_config": {
              "ge-0/0/1": {
                "description": "",
                "disable_autoneg": false,
                "disabled": false,
                "dsl_type": "vdsl",
                "dsl_vci": 35,
                "dsl_vpi": 0,
                "duplex": "auto",
                "ip_config": {
                  "dns": [],
                  "dns_suffix": [],
                  "gateway": "{{broadband_gw_var}}",
                  "ip": "{{broadband_ip_var}}",
                  "netmask": "/{{broadband_prefix_var}}",
                  "network": "",
                  "poser_password": "",
                  "pppoe_auth": "none",
                  "pppoe_username": "",
                  "type": "static"
                },
                "lte_apn": "",
                "lte_auth": "none",
                "lte_backup": false,
                "lte_password": "",
                "lte_username": "",
                "mtu": 0,
                "name": "wan1-broadband",
                "networks": [],
                "outer_vlan_id": 0,
                "poe_disabled": false,
                "port_network": "",
                "preserve_dscp": true,
                "redundant": false,
                "reth_idx": 0,
                "reth_node": "",
                "reth_nodes": [],
                "speed": "auto",
                "ssr_no_virtual_mac": false,
                "svr_port_range": "none",
                "traffic_shaping": {
                  "class_percentages": [],
                  "enabled": false
                },
                "usage": "wan",
                "vlan_id": 0,
                "vpn_paths": {
                  "sdwan_newyork_hub-external1.OrgOverlay": {
                    "bfd_profile": "broadband",
                    "bfd_use_tunnel_mode": false,
                    "preference": 0,
                    "role": "spoke",
                    "traffic_shaping": {
                      "class_percentages": [],
                      "enabled": false
                    }
                  }
                },
                "wan_arp_policer": "recommended",
                "wan_ext_ip": "",
                "wan_source_nat": {
                  "disabled": false,
                  "nat_pool": ""
                },
                "wan_type": "broadband"
              },
              "ge-0/0/3": {
                "description": "",
                "disable_autoneg": false,
                "disabled": false,
                "dsl_type": "vdsl",
                "dsl_vci": 35,
                "dsl_vpi": 0,
                "duplex": "auto",
                "ip_config": {
                  "dns": [],
                  "dns_suffix": [],
                  "gateway": "",
                  "ip": "",
                  "netmask": "",
                  "network": "",
                  "poser_password": "",
                  "pppoe_auth": "none",
                  "pppoe_username": "",
                  "type": "dhcp"
                },
                "lte_apn": "",
                "lte_auth": "none",
                "lte_backup": false,
                "lte_password": "",
                "lte_username": "",
                "mtu": 0,
                "name": "",
                "networks": [
                  "corp_network"
                ],
                "outer_vlan_id": 0,
                "poe_disabled": false,
                "port_network": "",
                "preserve_dscp": true,
                "redundant": false,
                "reth_idx": 0,
                "reth_node": "",
                "reth_nodes": [],
                "speed": "auto",
                "ssr_no_virtual_mac": false,
                "svr_port_range": "none",
                "traffic_shaping": {
                  "class_percentages": [],
                  "enabled": false
                },
                "usage": "lan",
                "vlan_id": 0,
                "vpn_paths": {},
                "wan_arp_policer": "recommended",
                "wan_ext_ip": "",
                "wan_source_nat": {
                  "disabled": false,
                  "nat_pool": ""
                },
                "wan_type": "broadband"
              }
            },
            "router_id": "",
            "routing_policies": {
              "ibgp-hub-preference": {
                "terms": [
                  {
                    "action": {
                      "accept": false,
                      "add_community": [],
                      "add_target_vrfs": [],
                      "community": [],
                      "exclude_as_path": [],
                      "exclude_community": [],
                      "export_communitites": [],
                      "local_preference": "",
                      "prepend_as_path": []
                    },
                    "routing_policy_term_matching": {
                      "as_path": [],
                      "community": [],
                      "network": [],
                      "prefix": [],
                      "protocol": [],
                      "route_exists": {
                        "route": "",
                        "vrf_name": ""
                      },
                      "vpn_neighbor_mac": [],
                      "vpn_path": [],
                      "vpn_path_sla": {
                        "max_jitter": 0,
                        "max_latency": 0,
                        "max_loss": 0
                      }
                    }
                  }
                ]
              }
            },
            "service_policies": [
              {
                "action": "allow",
                "appqoe": {
                  "enabled": false
                },
                "ewf": [],
                "idp": {
                  "alert_only": false,
                  "enabled": false,
                  "idpprofile_id": "",
                  "profile": "strict"
                },
                "local_routing": false,
                "name": "inbound-hub-to-corp-net",
                "path_preferences": "",
                "servicepolicy_id": "",
                "services": [
                  "spoke-corp-network"
                ],
                "tenants": [
                  "corp_datacenter1",
                  "corp_datacenter2",
                  "core_dc2_network",
                  "mgmt_datacenter1",
                  "mgmt_datacenter2"
                ]
              },
              {
                "action": "allow",
                "appqoe": {
                  "enabled": false
                },
                "ewf": [],
                "idp": {
                  "alert_only": false,
                  "enabled": false,
                  "idpprofile_id": "",
                  "profile": "strict"
                },
                "local_routing": false,
                "name": "inbound-remote-spoke-to-corp-net",
                "path_preferences": "",
                "servicepolicy_id": "",
                "services": [
                  "spoke-corp-network"
                ],
                "tenants": [
                  "corp_network",
                  "mgmt_network"
                ]
              },
              {
                "action": "allow",
                "appqoe": {
                  "enabled": false
                },
                "ewf": [],
                "idp": {
                  "alert_only": false,
                  "enabled": false,
                  "idpprofile_id": "",
                  "profile": "strict"
                },
                "local_routing": false,
                "name": "outbound-to-hub-workloads",
                "path_preferences": "",
                "servicepolicy_id": "",
                "services": [
                  "datacenter1-mgmt-network",
                  "datacenter1-workloads",
                  "datacenter2-lan",
                  "datacenter2-mgmt-network",
                  "datacenter2-workloads"
                ],
                "tenants": [
                  "corp_network"
                ]
              },
              {
                "action": "allow",
                "appqoe": {
                  "enabled": false
                },
                "ewf": [],
                "idp": {
                  "alert_only": false,
                  "enabled": false,
                  "idpprofile_id": "",
                  "profile": "strict"
                },
                "local_routing": false,
                "name": "outbound-corp-internet",
                "path_preferences": "",
                "servicepolicy_id": "",
                "services": [
                  "corp-internet"
                ],
                "tenants": [
                  "corp_network"
                ]
              },
              {
                "action": "allow",
                "appqoe": {
                  "enabled": false
                },
                "ewf": [],
                "idp": {
                  "alert_only": false,
                  "enabled": false,
                  "idpprofile_id": "",
                  "profile": "strict"
                },
                "local_routing": false,
                "name": "application-test",
                "path_preferences": "",
                "servicepolicy_id": "",
                "services": [
                  "youtube"
                ],
                "tenants": [
                  "corp_network"
                ]
              },
              {
                "action": "deny",
                "appqoe": {
                  "enabled": false
                },
                "ewf": [],
                "idp": {
                  "alert_only": false,
                  "enabled": false,
                  "idpprofile_id": "",
                  "profile": "strict"
                },
                "local_routing": true,
                "name": "url-filtering",
                "path_preferences": "",
                "servicepolicy_id": "",
                "services": [
                  "blocked-categories"
                ],
                "tenants": [
                  "corp_network"
                ]
              }
            ],
            "tunnel_configs": {},
            "tunnel_provider_options": {
              "jse": {
                "name": "",
                "num_users": 0
              },
              "zscaler": {
                "aup_acceptance_required": true,
                "aup_expire": 1,
                "aup_ssl_proxy": false,
                "download_mbps": 0,
                "enable_aup": false,
                "enable_caution": false,
                "enforce_authentication": false,
                "name": "",
                "sub_locations": [],
                "upload_mbps": 0,
                "use_xff": false
              }
            },
            "type": "spoke"
          },
          "sensitive_attributes": [],
          "dependencies": [
            "mist_org.terraform_test"
          ]
        }
      ]
    },
    {
      "mode": "managed",
      "type": "mist_gatewaytemplate",
      "name": "stag",
      "provider": "provider[\"registry.terraform.io/juniper/mist\"]",
      "instances": [
        {
          "schema_version": 0,
          "attributes": {
            "additional_config_cmds": [],
            "bgp_config": {},
            "dhcpd_config": {
              "config": {},
              "enabled": false
            },
            "dns_override": false,
            "dns_servers": [],
            "dns_suffix": [],
            "extra_routes": {},
            "id": "8bcd1cd5-e8d4-41c7-accf-f502339abc8b",
            "idp_profiles": {},
            "ip_configs": {
              "PRD-Core": {
                "ip": "10.3.100.9",
                "netmask": "/24",
                "secondary_ips": []
              },
              "PRD-Lab": {
                "ip": "10.3.171.1",
                "netmask": "/24",
                "secondary_ips": []
              },
              "PRD-Mgmt": {
                "ip": "10.3.172.1",
                "netmask": "/24",
                "secondary_ips": []
              }
            },
            "name": "test-api",
            "networks": [],
            "ntp_override": false,
            "ntp_servers": [],
            "org_id": "0361cd9b-a480-4ba2-8cdd-7193ec102afa",
            "path_preferences": {
              "HUB": {
                "paths": [
                  {
                    "cost": 0,
                    "disabled": false,
                    "gateway_ip": "",
                    "internet_access": false,
                    "name": "SSR_HUB_DC-MPLS.OrgOverlay",
                    "networks": [],
                    "target_ips": [],
                    "type": "vpn",
                    "wan_name": ""
                  }
                ],
                "strategy": "ordered"
              },
              "HUB-ECMP": {
                "paths": [
                  {
                    "cost": 30,
                    "disabled": false,
                    "gateway_ip": "",
                    "internet_access": false,
                    "name": "SSR_HUB_DC-MPLS.OrgOverlay",
                    "networks": [],
                    "target_ips": [],
                    "type": "vpn",
                    "wan_name": "LTE"
                  },
                  {
                    "cost": 30,
                    "disabled": false,
                    "gateway_ip": "",
                    "internet_access": false,
                    "name": "SSR_HUB_DC-MPLS.OrgOverlay",
                    "networks": [],
                    "target_ips": [],
                    "type": "vpn",
                    "wan_name": "FTTH"
                  }
                ],
                "strategy": "weighted"
              },
              "HUB-ORDERED": {
                "paths": [
                  {
                    "cost": 0,
                    "disabled": false,
                    "gateway_ip": "",
                    "internet_access": false,
                    "name": "SSR_HUB_DC-MPLS.OrgOverlay",
                    "networks": [],
                    "target_ips": [],
                    "type": "vpn",
                    "wan_name": "FTTH"
                  },
                  {
                    "cost": 0,
                    "disabled": false,
                    "gateway_ip": "",
                    "internet_access": false,
                    "name": "SSR_HUB_DC-MPLS.OrgOverlay",
                    "networks": [],
                    "target_ips": [],
                    "type": "vpn",
                    "wan_name": "LTE"
                  }
                ],
                "strategy": "ordered"
              }
            },
            "port_config": {
              "ge-0/0/3": {
                "description": "",
                "disable_autoneg": false,
                "disabled": false,
                "dsl_type": "vdsl",
                "dsl_vci": 35,
                "dsl_vpi": 0,
                "duplex": "auto",
                "ip_config": {
                  "dns": [],
                  "dns_suffix": [],
                  "gateway": "192.168.1.1",
                  "ip": "192.168.1.8",
                  "netmask": "/24",
                  "network": "",
                  "poser_password": "",
                  "pppoe_auth": "none",
                  "pppoe_username": "",
                  "type": "static"
                },
                "lte_apn": "",
                "lte_auth": "none",
                "lte_backup": false,
                "lte_password": "",
                "lte_username": "",
                "mtu": 0,
                "name": "FTTH",
                "networks": [],
                "outer_vlan_id": 0,
                "poe_disabled": false,
                "port_network": "",
                "preserve_dscp": true,
                "redundant": false,
                "reth_idx": 0,
                "reth_node": "",
                "reth_nodes": [],
                "speed": "auto",
                "ssr_no_virtual_mac": false,
                "svr_port_range": "none",
                "traffic_shaping": {
                  "class_percentages": [],
                  "enabled": false
                },
                "usage": "wan",
                "vlan_id": 0,
                "vpn_paths": {
                  "SSR_HUB_DC-MPLS.OrgOverlay": {
                    "bfd_profile": "broadband",
                    "bfd_use_tunnel_mode": false,
                    "preference": 0,
                    "role": "spoke",
                    "traffic_shaping": {
                      "class_percentages": [],
                      "enabled": false
                    }
                  }
                },
                "wan_arp_policer": "recommended",
                "wan_ext_ip": "",
                "wan_source_nat": {
                  "disabled": false,
                  "nat_pool": ""
                },
                "wan_type": "broadband"
              },
              "ge-0/0/4": {
                "description": "",
                "disable_autoneg": false,
                "disabled": false,
                "dsl_type": "vdsl",
                "dsl_vci": 35,
                "dsl_vpi": 0,
                "duplex": "auto",
                "ip_config": {
                  "dns": [],
                  "dns_suffix": [],
                  "gateway": "",
                  "ip": "",
                  "netmask": "",
                  "network": "",
                  "poser_password": "",
                  "pppoe_auth": "none",
                  "pppoe_username": "",
                  "type": "dhcp"
                },
                "lte_apn": "",
                "lte_auth": "none",
                "lte_backup": false,
                "lte_password": "",
                "lte_username": "",
                "mtu": 0,
                "name": "LTE",
                "networks": [],
                "outer_vlan_id": 0,
                "poe_disabled": false,
                "port_network": "",
                "preserve_dscp": true,
                "redundant": false,
                "reth_idx": 0,
                "reth_node": "",
                "reth_nodes": [],
                "speed": "auto",
                "ssr_no_virtual_mac": false,
                "svr_port_range": "none",
                "traffic_shaping": {
                  "class_percentages": [],
                  "enabled": false
                },
                "usage": "wan",
                "vlan_id": 0,
                "vpn_paths": {
                  "SSR_HUB_DC-MPLS.OrgOverlay": {
                    "bfd_profile": "broadband",
                    "bfd_use_tunnel_mode": false,
                    "preference": 0,
                    "role": "spoke",
                    "traffic_shaping": {
                      "class_percentages": [],
                      "enabled": false
                    }
                  }
                },
                "wan_arp_policer": "recommended",
                "wan_ext_ip": "",
                "wan_source_nat": {
                  "disabled": false,
                  "nat_pool": ""
                },
                "wan_type": "broadband"
              },
              "ge-0/0/5": {
                "description": "",
                "disable_autoneg": false,
                "disabled": false,
                "dsl_type": "vdsl",
                "dsl_vci": 35,
                "dsl_vpi": 0,
                "duplex": "auto",
                "ip_config": {
                  "dns": [],
                  "dns_suffix": [],
                  "gateway": "",
                  "ip": "",
                  "netmask": "",
                  "network": "",
                  "poser_password": "",
                  "pppoe_auth": "none",
                  "pppoe_username": "",
                  "type": "dhcp"
                },
                "lte_apn": "",
                "lte_auth": "none",
                "lte_backup": false,
                "lte_password": "",
                "lte_username": "",
                "mtu": 0,
                "name": "",
                "networks": [
                  "PRD-Core"
                ],
                "outer_vlan_id": 0,
                "poe_disabled": false,
                "port_network": "",
                "preserve_dscp": true,
                "redundant": false,
                "reth_idx": 0,
                "reth_node": "",
                "reth_nodes": [],
                "speed": "auto",
                "ssr_no_virtual_mac": false,
                "svr_port_range": "none",
                "traffic_shaping": {
                  "class_percentages": [],
                  "enabled": false
                },
                "usage": "lan",
                "vlan_id": 0,
                "vpn_paths": {},
                "wan_arp_policer": "recommended",
                "wan_ext_ip": "",
                "wan_source_nat": {
                  "disabled": false,
                  "nat_pool": ""
                },
                "wan_type": "broadband"
              },
              "ge-0/0/6": {
                "description": "",
                "disable_autoneg": false,
                "disabled": false,
                "dsl_type": "vdsl",
                "dsl_vci": 35,
                "dsl_vpi": 0,
                "duplex": "auto",
                "ip_config": {
                  "dns": [],
                  "dns_suffix": [],
                  "gateway": "",
                  "ip": "",
                  "netmask": "",
                  "network": "",
                  "poser_password": "",
                  "pppoe_auth": "none",
                  "pppoe_username": "",
                  "type": "dhcp"
                },
                "lte_apn": "",
                "lte_auth": "none",
                "lte_backup": false,
                "lte_password": "",
                "lte_username": "",
                "mtu": 0,
                "name": "",
                "networks": [
                  "PRD-Lab"
                ],
                "outer_vlan_id": 0,
                "poe_disabled": false,
                "port_network": "",
                "preserve_dscp": true,
                "redundant": false,
                "reth_idx": 0,
                "reth_node": "",
                "reth_nodes": [],
                "speed": "auto",
                "ssr_no_virtual_mac": false,
                "svr_port_range": "none",
                "traffic_shaping": {
                  "class_percentages": [],
                  "enabled": false
                },
                "usage": "lan",
                "vlan_id": 0,
                "vpn_paths": {},
                "wan_arp_policer": "recommended",
                "wan_ext_ip": "",
                "wan_source_nat": {
                  "disabled": false,
                  "nat_pool": ""
                },
                "wan_type": "broadband"
              },
              "ge-0/0/7": {
                "description": "",
                "disable_autoneg": false,
                "disabled": false,
                "dsl_type": "vdsl",
                "dsl_vci": 35,
                "dsl_vpi": 0,
                "duplex": "auto",
                "ip_config": {
                  "dns": [],
                  "dns_suffix": [],
                  "gateway": "",
                  "ip": "",
                  "netmask": "",
                  "network": "",
                  "poser_password": "",
                  "pppoe_auth": "none",
                  "pppoe_username": "",
                  "type": "dhcp"
                },
                "lte_apn": "",
                "lte_auth": "none",
                "lte_backup": false,
                "lte_password": "",
                "lte_username": "",
                "mtu": 0,
                "name": "",
                "networks": [
                  "PRD-Mgmt"
                ],
                "outer_vlan_id": 0,
                "poe_disabled": false,
                "port_network": "",
                "preserve_dscp": true,
                "redundant": false,
                "reth_idx": 0,
                "reth_node": "",
                "reth_nodes": [],
                "speed": "auto",
                "ssr_no_virtual_mac": false,
                "svr_port_range": "none",
                "traffic_shaping": {
                  "class_percentages": [],
                  "enabled": false
                },
                "usage": "lan",
                "vlan_id": 0,
                "vpn_paths": {},
                "wan_arp_policer": "recommended",
                "wan_ext_ip": "",
                "wan_source_nat": {
                  "disabled": false,
                  "nat_pool": ""
                },
                "wan_type": "broadband"
              }
            },
            "router_id": "",
            "routing_policies": {},
            "service_policies": [
              {
                "action": "allow",
                "appqoe": {
                  "enabled": false
                },
                "ewf": [],
                "idp": {
                  "alert_only": false,
                  "enabled": true,
                  "idpprofile_id": "",
                  "profile": "critical"
                },
                "local_routing": false,
                "name": "Policy-14",
                "path_preferences": "",
                "servicepolicy_id": "",
                "services": [
                  "any"
                ],
                "tenants": [
                  "PRD-Core"
                ]
              },
              {
                "action": "allow",
                "appqoe": {
                  "enabled": false
                },
                "ewf": [],
                "idp": {
                  "alert_only": true,
                  "enabled": true,
                  "idpprofile_id": "",
                  "profile": "standard"
                },
                "local_routing": false,
                "name": "Policy-2",
                "path_preferences": "",
                "servicepolicy_id": "",
                "services": [
                  "any"
                ],
                "tenants": [
                  "PRD-Mgmt"
                ]
              },
              {
                "action": "allow",
                "appqoe": {
                  "enabled": false
                },
                "ewf": [],
                "idp": {
                  "alert_only": false,
                  "enabled": false,
                  "idpprofile_id": "",
                  "profile": "strict"
                },
                "local_routing": false,
                "name": "Policy-3",
                "path_preferences": "",
                "servicepolicy_id": "",
                "services": [
                  "any"
                ],
                "tenants": [
                  "PRD-Lab"
                ]
              }
            ],
            "tunnel_configs": {},
            "tunnel_provider_options": {
              "jse": {
                "name": "",
                "num_users": 0
              },
              "zscaler": {
                "aup_acceptance_required": true,
                "aup_expire": 1,
                "aup_ssl_proxy": false,
                "download_mbps": 0,
                "enable_aup": false,
                "enable_caution": false,
                "enforce_authentication": false,
                "name": "",
                "sub_locations": [],
                "upload_mbps": 0,
                "use_xff": false
              }
            },
            "type": "spoke"
          },
          "sensitive_attributes": [],
          "dependencies": [
            "mist_org.terraform_test"
          ]
        }
      ]
    },
    {
      "mode": "managed",
      "type": "mist_nacrule",
      "name": "default_wired",
      "provider": "provider[\"registry.terraform.io/juniper/mist\"]",
      "instances": [
        {
          "schema_version": 0,
          "attributes": {
            "action": "allow",
            "apply_tags": [
              "eb0ba932-fd1f-460d-bb14-bc29eb6e1d08"
            ],
            "enabled": true,
            "id": "d4034bad-ac5a-43ea-bd35-23adeac4e904",
            "matching": {
              "auth_type": "eap-tls",
              "nactags": [],
              "port_types": [
                "wired"
              ],
              "site_ids": [],
              "sitegroup_ids": [],
              "vendor": []
            },
            "name": "Default-Wired",
            "not_matching": {
              "auth_type": "eap-tls",
              "nactags": [],
              "port_types": [
                "wired"
              ],
              "site_ids": [],
              "sitegroup_ids": [],
              "vendor": []
            },
            "order": 11,
            "org_id": "0361cd9b-a480-4ba2-8cdd-7193ec102afa"
          },
          "sensitive_attributes": [],
          "dependencies": [
            "mist_nactag.vlan_reg",
            "mist_org.terraform_test"
          ]
        }
      ]
    },
    {
      "mode": "managed",
      "type": "mist_nacrule",
      "name": "test",
      "provider": "provider[\"registry.terraform.io/juniper/mist\"]",
      "instances": [
        {
          "schema_version": 0,
          "attributes": {
            "action": "allow",
            "apply_tags": [],
            "enabled": true,
            "id": "d5b88138-b9f3-4ad2-adc1-e31a0620ca0d",
            "matching": {
              "auth_type": "eap-teap",
              "nactags": [
                "7ee3f9bc-7821-4144-8783-f9bcc42214d5"
              ],
              "port_types": [
                "wired"
              ],
              "site_ids": [],
              "sitegroup_ids": [],
              "vendor": []
            },
            "name": "test",
            "not_matching": {
              "auth_type": "eap-teap",
              "nactags": [
                "7ee3f9bc-7821-4144-8783-f9bcc42214d5"
              ],
              "port_types": [
                "wired"
              ],
              "site_ids": [],
              "sitegroup_ids": [],
              "vendor": []
            },
            "order": 0,
            "org_id": "0361cd9b-a480-4ba2-8cdd-7193ec102afa"
          },
          "sensitive_attributes": [],
          "dependencies": [
            "mist_nactag.ssid_mln_nac",
            "mist_org.terraform_test"
          ]
        }
      ]
    },
    {
      "mode": "managed",
      "type": "mist_nacrule",
      "name": "wifi_teap_corp",
      "provider": "provider[\"registry.terraform.io/juniper/mist\"]",
      "instances": [
        {
          "schema_version": 0,
          "attributes": {
            "action": "allow",
            "apply_tags": [
              "bd99364b-2be6-4d8c-983b-ba1063cd5f02",
              "2e8e3cb3-cb40-4fdb-a6e4-d4a366736cd3",
              "6fc0194f-ea89-41ff-aa9f-d38447319004"
            ],
            "enabled": true,
            "id": "56aec467-1c12-4808-a9e0-59db9a9b68ef",
            "matching": {
              "auth_type": "eap-teap",
              "nactags": [
                "7ee3f9bc-7821-4144-8783-f9bcc42214d5"
              ],
              "port_types": [
                "wireless"
              ],
              "site_ids": [],
              "sitegroup_ids": [],
              "vendor": []
            },
            "name": "Wi-Fi TEAP - STA",
            "not_matching": {
              "auth_type": "eap-teap",
              "nactags": [
                "7ee3f9bc-7821-4144-8783-f9bcc42214d5"
              ],
              "port_types": [
                "wireless"
              ],
              "site_ids": [],
              "sitegroup_ids": [],
              "vendor": []
            },
            "order": 1,
            "org_id": "0361cd9b-a480-4ba2-8cdd-7193ec102afa"
          },
          "sensitive_attributes": [],
          "dependencies": [
            "mist_nactag.role_byod",
            "mist_nactag.session_1d",
            "mist_nactag.ssid_mln_nac",
            "mist_nactag.vlan_sta",
            "mist_org.terraform_test"
          ]
        }
      ]
    },
    {
      "mode": "managed",
      "type": "mist_nacrule",
      "name": "wifi_teap_sta",
      "provider": "provider[\"registry.terraform.io/juniper/mist\"]",
      "instances": [
        {
          "schema_version": 0,
          "attributes": {
            "action": "allow",
            "apply_tags": [
              "6fc0194f-ea89-41ff-aa9f-d38447319004",
              "5eb793dc-10f3-4beb-b64c-a1adea7fae99"
            ],
            "enabled": true,
            "id": "4b25ada1-e816-4071-906a-6a1514cc1cb2",
            "matching": {
              "auth_type": "cert",
              "nactags": [],
              "port_types": [
                "wired"
              ],
              "site_ids": [],
              "sitegroup_ids": [],
              "vendor": []
            },
            "name": "Wired TLS - Corp",
            "not_matching": {
              "auth_type": "cert",
              "nactags": [],
              "port_types": [
                "wired"
              ],
              "site_ids": [],
              "sitegroup_ids": [],
              "vendor": []
            },
            "order": 8,
            "org_id": "0361cd9b-a480-4ba2-8cdd-7193ec102afa"
          },
          "sensitive_attributes": [],
          "dependencies": [
            "mist_nactag.session_1d",
            "mist_nactag.vlan_srv",
            "mist_org.terraform_test"
          ]
        }
      ]
    },
    {
      "mode": "managed",
      "type": "mist_nacrule",
      "name": "wifi_tls_corp",
      "provider": "provider[\"registry.terraform.io/juniper/mist\"]",
      "instances": [
        {
          "schema_version": 0,
          "attributes": {
            "action": "allow",
            "apply_tags": [
              "bd99364b-2be6-4d8c-983b-ba1063cd5f02",
              "3b63409b-0590-42fe-a49e-480d8a14a87e",
              "6fc0194f-ea89-41ff-aa9f-d38447319004"
            ],
            "enabled": true,
            "id": "7de8a258-a314-441b-8943-4eb4f7e6da85",
            "matching": {
              "auth_type": "cert",
              "nactags": [
                "7ee3f9bc-7821-4144-8783-f9bcc42214d5",
                "053e2fba-436d-47a5-be05-7eb30a0b99f6",
                "05372994-2556-4c7d-8d6f-2e2e1ccc25af"
              ],
              "port_types": [
                "wireless"
              ],
              "site_ids": [],
              "sitegroup_ids": [],
              "vendor": []
            },
            "name": "Wi-Fi TLS - Corporate",
            "not_matching": {
              "auth_type": "cert",
              "nactags": [
                "7ee3f9bc-7821-4144-8783-f9bcc42214d5",
                "053e2fba-436d-47a5-be05-7eb30a0b99f6",
                "05372994-2556-4c7d-8d6f-2e2e1ccc25af"
              ],
              "port_types": [
                "wireless"
              ],
              "site_ids": [],
              "sitegroup_ids": [],
              "vendor": []
            },
            "order": 2,
            "org_id": "0361cd9b-a480-4ba2-8cdd-7193ec102afa"
          },
          "sensitive_attributes": [],
          "dependencies": [
            "mist_nactag.cert_juniper",
            "mist_nactag.cert_tm",
            "mist_nactag.role_corp",
            "mist_nactag.session_1d",
            "mist_nactag.ssid_mln_nac",
            "mist_nactag.vlan_sta",
            "mist_org.terraform_test"
          ]
        }
      ]
    },
    {
      "mode": "managed",
      "type": "mist_nacrule",
      "name": "wifi_tls_minc_sta",
      "provider": "provider[\"registry.terraform.io/juniper/mist\"]",
      "instances": [
        {
          "schema_version": 0,
          "attributes": {
            "action": "allow",
            "apply_tags": [
              "bd99364b-2be6-4d8c-983b-ba1063cd5f02",
              "2e8e3cb3-cb40-4fdb-a6e4-d4a366736cd3",
              "6fc0194f-ea89-41ff-aa9f-d38447319004"
            ],
            "enabled": true,
            "id": "f20096bc-82c3-44c7-b5ef-59674e671299",
            "matching": {
              "auth_type": "cert",
              "nactags": [
                "82132f96-79a8-48b0-b4d8-7993b3cfce2b",
                "b368c448-3d37-46cf-8221-c3973c46c477",
                "7ee3f9bc-7821-4144-8783-f9bcc42214d5",
                "02e392e1-5e64-42b1-8811-7bb1bdcda6c3"
              ],
              "port_types": [
                "wireless"
              ],
              "site_ids": [],
              "sitegroup_ids": [],
              "vendor": []
            },
            "name": "Wi-Fi TLS MINC - STA",
            "not_matching": {
              "auth_type": "cert",
              "nactags": [
                "82132f96-79a8-48b0-b4d8-7993b3cfce2b",
                "b368c448-3d37-46cf-8221-c3973c46c477",
                "7ee3f9bc-7821-4144-8783-f9bcc42214d5",
                "02e392e1-5e64-42b1-8811-7bb1bdcda6c3"
              ],
              "port_types": [
                "wireless"
              ],
              "site_ids": [],
              "sitegroup_ids": [],
              "vendor": []
            },
            "order": 4,
            "org_id": "0361cd9b-a480-4ba2-8cdd-7193ec102afa"
          },
          "sensitive_attributes": [],
          "dependencies": [
            "mist_nactag.cert_stag",
            "mist_nactag.group_dot11",
            "mist_nactag.mdm_non_compliant",
            "mist_nactag.role_byod",
            "mist_nactag.session_1d",
            "mist_nactag.ssid_mln_nac",
            "mist_nactag.vlan_sta",
            "mist_org.terraform_test"
          ]
        }
      ]
    },
    {
      "mode": "managed",
      "type": "mist_nacrule",
      "name": "wifi_tls_sta",
      "provider": "provider[\"registry.terraform.io/juniper/mist\"]",
      "instances": [
        {
          "schema_version": 0,
          "attributes": {
            "action": "allow",
            "apply_tags": [
              "bd99364b-2be6-4d8c-983b-ba1063cd5f02"
            ],
            "enabled": true,
            "id": "edf0f26f-e577-468f-a707-4ae27c9f7af4",
            "matching": {
              "auth_type": "cert",
              "nactags": [
                "82132f96-79a8-48b0-b4d8-7993b3cfce2b",
                "7ee3f9bc-7821-4144-8783-f9bcc42214d5"
              ],
              "port_types": [
                "wireless"
              ],
              "site_ids": [],
              "sitegroup_ids": [],
              "vendor": []
            },
            "name": "Wi-Fi TLS - STA",
            "not_matching": {
              "auth_type": "cert",
              "nactags": [
                "82132f96-79a8-48b0-b4d8-7993b3cfce2b",
                "7ee3f9bc-7821-4144-8783-f9bcc42214d5"
              ],
              "port_types": [
                "wireless"
              ],
              "site_ids": [],
              "sitegroup_ids": [],
              "vendor": []
            },
            "order": 5,
            "org_id": "0361cd9b-a480-4ba2-8cdd-7193ec102afa"
          },
          "sensitive_attributes": [],
          "dependencies": [
            "mist_nactag.cert_stag",
            "mist_nactag.ssid_mln_nac",
            "mist_nactag.vlan_sta",
            "mist_org.terraform_test"
          ]
        }
      ]
    },
    {
      "mode": "managed",
      "type": "mist_nacrule",
      "name": "wifi_tsl_mic_sta",
      "provider": "provider[\"registry.terraform.io/juniper/mist\"]",
      "instances": [
        {
          "schema_version": 0,
          "attributes": {
            "action": "allow",
            "apply_tags": [
              "bd99364b-2be6-4d8c-983b-ba1063cd5f02",
              "2e8e3cb3-cb40-4fdb-a6e4-d4a366736cd3",
              "6fc0194f-ea89-41ff-aa9f-d38447319004"
            ],
            "enabled": true,
            "id": "02d1cdf7-50a6-4c43-a0b2-9707c3242162",
            "matching": {
              "auth_type": "eap-tls",
              "nactags": [
                "82132f96-79a8-48b0-b4d8-7993b3cfce2b",
                "b368c448-3d37-46cf-8221-c3973c46c477",
                "7ee3f9bc-7821-4144-8783-f9bcc42214d5",
                "7e6bb371-0c1a-4d57-845a-22030f567e40"
              ],
              "port_types": [
                "wireless"
              ],
              "site_ids": [],
              "sitegroup_ids": [],
              "vendor": []
            },
            "name": "Wi-Fi TLS MIC - STA",
            "not_matching": {
              "auth_type": "eap-tls",
              "nactags": [
                "82132f96-79a8-48b0-b4d8-7993b3cfce2b",
                "b368c448-3d37-46cf-8221-c3973c46c477",
                "7ee3f9bc-7821-4144-8783-f9bcc42214d5",
                "7e6bb371-0c1a-4d57-845a-22030f567e40"
              ],
              "port_types": [
                "wireless"
              ],
              "site_ids": [],
              "sitegroup_ids": [],
              "vendor": []
            },
            "order": 3,
            "org_id": "0361cd9b-a480-4ba2-8cdd-7193ec102afa"
          },
          "sensitive_attributes": [],
          "dependencies": [
            "mist_nactag.cert_stag",
            "mist_nactag.group_dot11",
            "mist_nactag.mdm_compliant",
            "mist_nactag.role_byod",
            "mist_nactag.session_1d",
            "mist_nactag.ssid_mln_nac",
            "mist_nactag.vlan_sta",
            "mist_org.terraform_test"
          ]
        }
      ]
    },
    {
      "mode": "managed",
      "type": "mist_nacrule",
      "name": "wired_mac_ap_stag",
      "provider": "provider[\"registry.terraform.io/juniper/mist\"]",
      "instances": [
        {
          "schema_version": 0,
          "attributes": {
            "action": "allow",
            "apply_tags": [],
            "enabled": true,
            "id": "282d0fb9-b298-4f31-90a9-dbf037ebcfcf",
            "matching": {
              "auth_type": "mab",
              "nactags": [
                "fc678007-7021-4ad1-9c24-b94dd052e56e"
              ],
              "port_types": [
                "wired"
              ],
              "site_ids": [],
              "sitegroup_ids": [],
              "vendor": []
            },
            "name": "Wired MAB - AP Staging",
            "not_matching": {
              "auth_type": "mab",
              "nactags": [
                "fc678007-7021-4ad1-9c24-b94dd052e56e"
              ],
              "port_types": [
                "wired"
              ],
              "site_ids": [],
              "sitegroup_ids": [],
              "vendor": []
            },
            "order": 7,
            "org_id": "0361cd9b-a480-4ba2-8cdd-7193ec102afa"
          },
          "sensitive_attributes": [],
          "dependencies": [
            "mist_nactag.mac_ap",
            "mist_org.terraform_test"
          ]
        }
      ]
    },
    {
      "mode": "managed",
      "type": "mist_nacrule",
      "name": "wired_mac_sta",
      "provider": "provider[\"registry.terraform.io/juniper/mist\"]",
      "instances": [
        {
          "schema_version": 0,
          "attributes": {
            "action": "allow",
            "apply_tags": [
              "bd99364b-2be6-4d8c-983b-ba1063cd5f02"
            ],
            "enabled": true,
            "id": "a55ec21c-cdb3-4fcd-a125-f2c9eed19429",
            "matching": {
              "auth_type": "mab",
              "nactags": [
                "4927c59e-1bee-4c55-90a7-3383e8cce78a"
              ],
              "port_types": [
                "wired"
              ],
              "site_ids": [],
              "sitegroup_ids": [],
              "vendor": []
            },
            "name": "Wired MAB - STA",
            "not_matching": {
              "auth_type": "mab",
              "nactags": [
                "4927c59e-1bee-4c55-90a7-3383e8cce78a"
              ],
              "port_types": [
                "wired"
              ],
              "site_ids": [],
              "sitegroup_ids": [],
              "vendor": []
            },
            "order": 10,
            "org_id": "0361cd9b-a480-4ba2-8cdd-7193ec102afa"
          },
          "sensitive_attributes": [],
          "dependencies": [
            "mist_nactag.mac_pc",
            "mist_nactag.vlan_sta",
            "mist_org.terraform_test"
          ]
        }
      ]
    },
    {
      "mode": "managed",
      "type": "mist_nacrule",
      "name": "wired_man",
      "provider": "provider[\"registry.terraform.io/juniper/mist\"]",
      "instances": [
        {
          "schema_version": 0,
          "attributes": {
            "action": "allow",
            "apply_tags": [
              "5eb793dc-10f3-4beb-b64c-a1adea7fae99",
              "6fc0194f-ea89-41ff-aa9f-d38447319004"
            ],
            "enabled": true,
            "id": "c3ca58d3-6ed4-46c7-aaf7-be2fceea3eab",
            "matching": {
              "auth_type": "mab",
              "nactags": [
                "c021e353-ff5e-4fcd-846e-9a8ab235bef5"
              ],
              "port_types": [
                "wired"
              ],
              "site_ids": [],
              "sitegroup_ids": [],
              "vendor": []
            },
            "name": "Wired MAB - SRV",
            "not_matching": {
              "auth_type": "mab",
              "nactags": [
                "c021e353-ff5e-4fcd-846e-9a8ab235bef5"
              ],
              "port_types": [
                "wired"
              ],
              "site_ids": [],
              "sitegroup_ids": [],
              "vendor": []
            },
            "order": 9,
            "org_id": "0361cd9b-a480-4ba2-8cdd-7193ec102afa"
          },
          "sensitive_attributes": [],
          "dependencies": [
            "mist_nactag.mac_srv",
            "mist_nactag.session_1d",
            "mist_nactag.vlan_srv",
            "mist_org.terraform_test"
          ]
        }
      ]
    },
    {
      "mode": "managed",
      "type": "mist_nacrule",
      "name": "wired_tls_ap",
      "provider": "provider[\"registry.terraform.io/juniper/mist\"]",
      "instances": [
        {
          "schema_version": 0,
          "attributes": {
            "action": "allow",
            "apply_tags": [
              "0639facd-0c79-4e13-94c9-c8403c69ebe9",
              "de6a16d4-c4f1-408e-9cfd-41e6c0e1ad15"
            ],
            "enabled": true,
            "id": "02cafce0-6d53-420b-a58f-fb3669fe1c40",
            "matching": {
              "auth_type": "cert",
              "nactags": [
                "d4eefc40-dd9a-4e85-816a-f93a017ecfdc",
                "cert",
                "dbeb24b9-ad4f-4970-8b4b-04f9b8995769"
              ],
              "port_types": [
                "wired"
              ],
              "site_ids": [],
              "sitegroup_ids": [],
              "vendor": []
            },
            "name": "Wired TLS - AP Prod",
            "not_matching": {
              "auth_type": "cert",
              "nactags": [
                "d4eefc40-dd9a-4e85-816a-f93a017ecfdc",
                "cert",
                "dbeb24b9-ad4f-4970-8b4b-04f9b8995769"
              ],
              "port_types": [
                "wired"
              ],
              "site_ids": [],
              "sitegroup_ids": [],
              "vendor": []
            },
            "order": 6,
            "org_id": "0361cd9b-a480-4ba2-8cdd-7193ec102afa"
          },
          "sensitive_attributes": [],
          "dependencies": [
            "mist_nactag.cert_mist",
            "mist_nactag.cert_mist_eu",
            "mist_nactag.session_7d",
            "mist_nactag.trunk_ap",
            "mist_org.terraform_test"
          ]
        }
      ]
    },
    {
      "mode": "managed",
      "type": "mist_nactag",
      "name": "cert_juniper",
      "provider": "provider[\"registry.terraform.io/juniper/mist\"]",
      "instances": [
        {
          "schema_version": 0,
          "attributes": {
            "allow_usermac_override": false,
            "egress_vlan_names": [],
            "gbp_tag": 0,
            "id": "053e2fba-436d-47a5-be05-7eb30a0b99f6",
            "match": "cert_issuer",
            "match_all": false,
            "name": "cert.Juniper CA",
            "org_id": "0361cd9b-a480-4ba2-8cdd-7193ec102afa",
            "radius_attrs": [],
            "radius_group": "",
            "radius_vendor_attrs": [],
            "session_timeout": 0,
            "type": "match",
            "values": [
              "/DC=net/DC=jnpr/CN=Juniper Networks Issuing AWS1 CA"
            ],
            "vlan": ""
          },
          "sensitive_attributes": [],
          "dependencies": [
            "mist_org.terraform_test"
          ]
        }
      ]
    },
    {
      "mode": "managed",
      "type": "mist_nactag",
      "name": "cert_mist",
      "provider": "provider[\"registry.terraform.io/juniper/mist\"]",
      "instances": [
        {
          "schema_version": 0,
          "attributes": {
            "allow_usermac_override": false,
            "egress_vlan_names": [],
            "gbp_tag": 0,
            "id": "d4eefc40-dd9a-4e85-816a-f93a017ecfdc",
            "match": "cert_issuer",
            "match_all": false,
            "name": "cert.Mist",
            "org_id": "0361cd9b-a480-4ba2-8cdd-7193ec102afa",
            "radius_attrs": [],
            "radius_group": "",
            "radius_vendor_attrs": [],
            "session_timeout": 0,
            "type": "match",
            "values": [
              "/C=US/O=Mist/OU=OrgCA/CN=203d3d02-dbc0-4c1b-9f41-76896a3330f4"
            ],
            "vlan": ""
          },
          "sensitive_attributes": [],
          "dependencies": [
            "mist_org.terraform_test"
          ]
        }
      ]
    },
    {
      "mode": "managed",
      "type": "mist_nactag",
      "name": "cert_mist_eu",
      "provider": "provider[\"registry.terraform.io/juniper/mist\"]",
      "instances": [
        {
          "schema_version": 0,
          "attributes": {
            "allow_usermac_override": false,
            "egress_vlan_names": [],
            "gbp_tag": 0,
            "id": "dbeb24b9-ad4f-4970-8b4b-04f9b8995769",
            "match": "cert_issuer",
            "match_all": false,
            "name": "cert.Mist-EU",
            "org_id": "0361cd9b-a480-4ba2-8cdd-7193ec102afa",
            "radius_attrs": [],
            "radius_group": "",
            "radius_vendor_attrs": [],
            "session_timeout": 0,
            "type": "match",
            "values": [
              "/C=US/O=Mist/OU=OrgCA/CN=39ce2088-1dbe-4346-987a-1a5a88bab5ee"
            ],
            "vlan": ""
          },
          "sensitive_attributes": [],
          "dependencies": [
            "mist_org.terraform_test"
          ]
        }
      ]
    },
    {
      "mode": "managed",
      "type": "mist_nactag",
      "name": "cert_stag",
      "provider": "provider[\"registry.terraform.io/juniper/mist\"]",
      "instances": [
        {
          "schema_version": 0,
          "attributes": {
            "allow_usermac_override": false,
            "egress_vlan_names": [],
            "gbp_tag": 0,
            "id": "82132f96-79a8-48b0-b4d8-7993b3cfce2b",
            "match": "cert_issuer",
            "match_all": false,
            "name": "cert.Stag CA",
            "org_id": "0361cd9b-a480-4ba2-8cdd-7193ec102afa",
            "radius_attrs": [],
            "radius_group": "",
            "radius_vendor_attrs": [],
            "session_timeout": 0,
            "type": "match",
            "values": [
              "/DC=one/DC=stag/CN=stag-DC-CA"
            ],
            "vlan": ""
          },
          "sensitive_attributes": [],
          "dependencies": [
            "mist_org.terraform_test"
          ]
        }
      ]
    },
    {
      "mode": "managed",
      "type": "mist_nactag",
      "name": "cert_tm",
      "provider": "provider[\"registry.terraform.io/juniper/mist\"]",
      "instances": [
        {
          "schema_version": 0,
          "attributes": {
            "allow_usermac_override": false,
            "egress_vlan_names": [],
            "gbp_tag": 0,
            "id": "05372994-2556-4c7d-8d6f-2e2e1ccc25af",
            "match": "cert_san",
            "match_all": false,
            "name": "cert.tmunzer@jun",
            "org_id": "0361cd9b-a480-4ba2-8cdd-7193ec102afa",
            "radius_attrs": [],
            "radius_group": "",
            "radius_vendor_attrs": [],
            "session_timeout": 0,
            "type": "match",
            "values": [
              "tmunzer@juniper.net"
            ],
            "vlan": ""
          },
          "sensitive_attributes": [],
          "dependencies": [
            "mist_org.terraform_test"
          ]
        }
      ]
    },
    {
      "mode": "managed",
      "type": "mist_nactag",
      "name": "group_admins",
      "provider": "provider[\"registry.terraform.io/juniper/mist\"]",
      "instances": [
        {
          "schema_version": 0,
          "attributes": {
            "allow_usermac_override": false,
            "egress_vlan_names": [],
            "gbp_tag": 0,
            "id": "57937b56-a966-49db-910c-a170bf7dd4be",
            "match": "idp_role",
            "match_all": false,
            "name": "group.admins",
            "org_id": "0361cd9b-a480-4ba2-8cdd-7193ec102afa",
            "radius_attrs": [],
            "radius_group": "",
            "radius_vendor_attrs": [],
            "session_timeout": 0,
            "type": "match",
            "values": [
              "administrators"
            ],
            "vlan": ""
          },
          "sensitive_attributes": [],
          "dependencies": [
            "mist_org.terraform_test"
          ]
        }
      ]
    },
    {
      "mode": "managed",
      "type": "mist_nactag",
      "name": "group_dot11",
      "provider": "provider[\"registry.terraform.io/juniper/mist\"]",
      "instances": [
        {
          "schema_version": 0,
          "attributes": {
            "allow_usermac_override": false,
            "egress_vlan_names": [],
            "gbp_tag": 0,
            "id": "b368c448-3d37-46cf-8221-c3973c46c477",
            "match": "idp_role",
            "match_all": false,
            "name": "group.dot11",
            "org_id": "0361cd9b-a480-4ba2-8cdd-7193ec102afa",
            "radius_attrs": [],
            "radius_group": "",
            "radius_vendor_attrs": [],
            "session_timeout": 0,
            "type": "match",
            "values": [
              "dot11"
            ],
            "vlan": ""
          },
          "sensitive_attributes": [],
          "dependencies": [
            "mist_org.terraform_test"
          ]
        }
      ]
    },
    {
      "mode": "managed",
      "type": "mist_nactag",
      "name": "mac_ap",
      "provider": "provider[\"registry.terraform.io/juniper/mist\"]",
      "instances": [
        {
          "schema_version": 0,
          "attributes": {
            "allow_usermac_override": false,
            "egress_vlan_names": [],
            "gbp_tag": 0,
            "id": "fc678007-7021-4ad1-9c24-b94dd052e56e",
            "match": "client_mac",
            "match_all": false,
            "name": "mac.ap",
            "org_id": "0361cd9b-a480-4ba2-8cdd-7193ec102afa",
            "radius_attrs": [],
            "radius_group": "",
            "radius_vendor_attrs": [],
            "session_timeout": 0,
            "type": "match",
            "values": [
              "5c5b35*"
            ],
            "vlan": ""
          },
          "sensitive_attributes": [],
          "dependencies": [
            "mist_org.terraform_test"
          ]
        }
      ]
    },
    {
      "mode": "managed",
      "type": "mist_nactag",
      "name": "mac_pc",
      "provider": "provider[\"registry.terraform.io/juniper/mist\"]",
      "instances": [
        {
          "schema_version": 0,
          "attributes": {
            "allow_usermac_override": false,
            "egress_vlan_names": [],
            "gbp_tag": 0,
            "id": "4927c59e-1bee-4c55-90a7-3383e8cce78a",
            "match": "client_mac",
            "match_all": false,
            "name": "mac.pc",
            "org_id": "0361cd9b-a480-4ba2-8cdd-7193ec102afa",
            "radius_attrs": [],
            "radius_group": "",
            "radius_vendor_attrs": [],
            "session_timeout": 0,
            "type": "match",
            "values": [
              "04d9f5c8b26e",
              "04d9f5c8b26d"
            ],
            "vlan": ""
          },
          "sensitive_attributes": [],
          "dependencies": [
            "mist_org.terraform_test"
          ]
        }
      ]
    },
    {
      "mode": "managed",
      "type": "mist_nactag",
      "name": "mac_printer",
      "provider": "provider[\"registry.terraform.io/juniper/mist\"]",
      "instances": [
        {
          "schema_version": 0,
          "attributes": {
            "allow_usermac_override": false,
            "egress_vlan_names": [],
            "gbp_tag": 0,
            "id": "6cb4be38-5aac-46a4-8dc7-c2e574e8a469",
            "match": "client_mac",
            "match_all": false,
            "name": "mac.printer",
            "org_id": "0361cd9b-a480-4ba2-8cdd-7193ec102afa",
            "radius_attrs": [],
            "radius_group": "",
            "radius_vendor_attrs": [],
            "session_timeout": 0,
            "type": "match",
            "values": [
              "deadbeefdead"
            ],
            "vlan": ""
          },
          "sensitive_attributes": [],
          "dependencies": [
            "mist_org.terraform_test"
          ]
        }
      ]
    },
    {
      "mode": "managed",
      "type": "mist_nactag",
      "name": "mac_srv",
      "provider": "provider[\"registry.terraform.io/juniper/mist\"]",
      "instances": [
        {
          "schema_version": 0,
          "attributes": {
            "allow_usermac_override": false,
            "egress_vlan_names": [],
            "gbp_tag": 0,
            "id": "c021e353-ff5e-4fcd-846e-9a8ab235bef5",
            "match": "client_mac",
            "match_all": false,
            "name": "mac.srv",
            "org_id": "0361cd9b-a480-4ba2-8cdd-7193ec102afa",
            "radius_attrs": [],
            "radius_group": "",
            "radius_vendor_attrs": [],
            "session_timeout": 0,
            "type": "match",
            "values": [
              "dca6321e2f86",
              "e45f018e7054",
              "b8cb29d96468",
              "f4e2c6553b32",
              "b827ebfd31a4"
            ],
            "vlan": ""
          },
          "sensitive_attributes": [],
          "dependencies": [
            "mist_org.terraform_test"
          ]
        }
      ]
    },
    {
      "mode": "managed",
      "type": "mist_nactag",
      "name": "mdm_compliant",
      "provider": "provider[\"registry.terraform.io/juniper/mist\"]",
      "instances": [
        {
          "schema_version": 0,
          "attributes": {
            "allow_usermac_override": false,
            "egress_vlan_names": [],
            "gbp_tag": 0,
            "id": "7e6bb371-0c1a-4d57-845a-22030f567e40",
            "match": "mdm_status",
            "match_all": false,
            "name": "mdm.compliant",
            "org_id": "0361cd9b-a480-4ba2-8cdd-7193ec102afa",
            "radius_attrs": [],
            "radius_group": "",
            "radius_vendor_attrs": [],
            "session_timeout": 0,
            "type": "match",
            "values": [
              "compliant"
            ],
            "vlan": ""
          },
          "sensitive_attributes": [],
          "dependencies": [
            "mist_org.terraform_test"
          ]
        }
      ]
    },
    {
      "mode": "managed",
      "type": "mist_nactag",
      "name": "mdm_non_compliant",
      "provider": "provider[\"registry.terraform.io/juniper/mist\"]",
      "instances": [
        {
          "schema_version": 0,
          "attributes": {
            "allow_usermac_override": false,
            "egress_vlan_names": [],
            "gbp_tag": 0,
            "id": "02e392e1-5e64-42b1-8811-7bb1bdcda6c3",
            "match": "mdm_status",
            "match_all": false,
            "name": "mdm.non_compliant",
            "org_id": "0361cd9b-a480-4ba2-8cdd-7193ec102afa",
            "radius_attrs": [],
            "radius_group": "",
            "radius_vendor_attrs": [],
            "session_timeout": 0,
            "type": "match",
            "values": [
              "non-compliant",
              "unknown"
            ],
            "vlan": ""
          },
          "sensitive_attributes": [],
          "dependencies": [
            "mist_org.terraform_test"
          ]
        }
      ]
    },
    {
      "mode": "managed",
      "type": "mist_nactag",
      "name": "role_admin",
      "provider": "provider[\"registry.terraform.io/juniper/mist\"]",
      "instances": [
        {
          "schema_version": 0,
          "attributes": {
            "allow_usermac_override": false,
            "egress_vlan_names": [],
            "gbp_tag": 0,
            "id": "bc270bfd-10e4-4ed2-83b1-c6d1902f3ad3",
            "match": "",
            "match_all": false,
            "name": "role.admin",
            "org_id": "0361cd9b-a480-4ba2-8cdd-7193ec102afa",
            "radius_attrs": [],
            "radius_group": "admin",
            "radius_vendor_attrs": [],
            "session_timeout": 0,
            "type": "radius_group",
            "values": [],
            "vlan": ""
          },
          "sensitive_attributes": [],
          "dependencies": [
            "mist_org.terraform_test"
          ]
        }
      ]
    },
    {
      "mode": "managed",
      "type": "mist_nactag",
      "name": "role_ap",
      "provider": "provider[\"registry.terraform.io/juniper/mist\"]",
      "instances": [
        {
          "schema_version": 0,
          "attributes": {
            "allow_usermac_override": false,
            "egress_vlan_names": [],
            "gbp_tag": 0,
            "id": "4215ddf2-aa71-4dc3-bf32-365bb4877cbe",
            "match": "",
            "match_all": false,
            "name": "role.AP",
            "org_id": "0361cd9b-a480-4ba2-8cdd-7193ec102afa",
            "radius_attrs": [],
            "radius_group": "wireless",
            "radius_vendor_attrs": [],
            "session_timeout": 0,
            "type": "radius_group",
            "values": [],
            "vlan": ""
          },
          "sensitive_attributes": [],
          "dependencies": [
            "mist_org.terraform_test"
          ]
        }
      ]
    },
    {
      "mode": "managed",
      "type": "mist_nactag",
      "name": "role_byod",
      "provider": "provider[\"registry.terraform.io/juniper/mist\"]",
      "instances": [
        {
          "schema_version": 0,
          "attributes": {
            "allow_usermac_override": false,
            "egress_vlan_names": [],
            "gbp_tag": 0,
            "id": "2e8e3cb3-cb40-4fdb-a6e4-d4a366736cd3",
            "match": "",
            "match_all": false,
            "name": "role.byod",
            "org_id": "0361cd9b-a480-4ba2-8cdd-7193ec102afa",
            "radius_attrs": [],
            "radius_group": "byod",
            "radius_vendor_attrs": [],
            "session_timeout": 0,
            "type": "radius_group",
            "values": [],
            "vlan": ""
          },
          "sensitive_attributes": [],
          "dependencies": [
            "mist_org.terraform_test"
          ]
        }
      ]
    },
    {
      "mode": "managed",
      "type": "mist_nactag",
      "name": "role_corp",
      "provider": "provider[\"registry.terraform.io/juniper/mist\"]",
      "instances": [
        {
          "schema_version": 0,
          "attributes": {
            "allow_usermac_override": false,
            "egress_vlan_names": [],
            "gbp_tag": 0,
            "id": "3b63409b-0590-42fe-a49e-480d8a14a87e",
            "match": "",
            "match_all": false,
            "name": "role.corporate",
            "org_id": "0361cd9b-a480-4ba2-8cdd-7193ec102afa",
            "radius_attrs": [],
            "radius_group": "corporate",
            "radius_vendor_attrs": [],
            "session_timeout": 0,
            "type": "radius_group",
            "values": [],
            "vlan": ""
          },
          "sensitive_attributes": [],
          "dependencies": [
            "mist_org.terraform_test"
          ]
        }
      ]
    },
    {
      "mode": "managed",
      "type": "mist_nactag",
      "name": "role_user",
      "provider": "provider[\"registry.terraform.io/juniper/mist\"]",
      "instances": [
        {
          "schema_version": 0,
          "attributes": {
            "allow_usermac_override": false,
            "egress_vlan_names": [],
            "gbp_tag": 0,
            "id": "e8024da7-42f5-40a5-aff3-51c168296864",
            "match": "",
            "match_all": false,
            "name": "role.user",
            "org_id": "0361cd9b-a480-4ba2-8cdd-7193ec102afa",
            "radius_attrs": [],
            "radius_group": "user",
            "radius_vendor_attrs": [],
            "session_timeout": 0,
            "type": "radius_group",
            "values": [],
            "vlan": ""
          },
          "sensitive_attributes": [],
          "dependencies": [
            "mist_org.terraform_test"
          ]
        }
      ]
    },
    {
      "mode": "managed",
      "type": "mist_nactag",
      "name": "session_1d",
      "provider": "provider[\"registry.terraform.io/juniper/mist\"]",
      "instances": [
        {
          "schema_version": 0,
          "attributes": {
            "allow_usermac_override": false,
            "egress_vlan_names": [],
            "gbp_tag": 0,
            "id": "6fc0194f-ea89-41ff-aa9f-d38447319004",
            "match": "",
            "match_all": false,
            "name": "session.1d",
            "org_id": "0361cd9b-a480-4ba2-8cdd-7193ec102afa",
            "radius_attrs": [],
            "radius_group": "",
            "radius_vendor_attrs": [],
            "session_timeout": 86440,
            "type": "session_timeout",
            "values": [],
            "vlan": ""
          },
          "sensitive_attributes": [],
          "dependencies": [
            "mist_org.terraform_test"
          ]
        }
      ]
    },
    {
      "mode": "managed",
      "type": "mist_nactag",
      "name": "session_7d",
      "provider": "provider[\"registry.terraform.io/juniper/mist\"]",
      "instances": [
        {
          "schema_version": 0,
          "attributes": {
            "allow_usermac_override": false,
            "egress_vlan_names": [],
            "gbp_tag": 0,
            "id": "de6a16d4-c4f1-408e-9cfd-41e6c0e1ad15",
            "match": "",
            "match_all": false,
            "name": "session.7d",
            "org_id": "0361cd9b-a480-4ba2-8cdd-7193ec102afa",
            "radius_attrs": [],
            "radius_group": "",
            "radius_vendor_attrs": [],
            "session_timeout": 604800,
            "type": "session_timeout",
            "values": [],
            "vlan": ""
          },
          "sensitive_attributes": [],
          "dependencies": [
            "mist_org.terraform_test"
          ]
        }
      ]
    },
    {
      "mode": "managed",
      "type": "mist_nactag",
      "name": "ssid_mln",
      "provider": "provider[\"registry.terraform.io/juniper/mist\"]",
      "instances": [
        {
          "schema_version": 0,
          "attributes": {
            "allow_usermac_override": false,
            "egress_vlan_names": [],
            "gbp_tag": 0,
            "id": "ee462781-17d1-423a-b009-2e073cb60c9e",
            "match": "ssid",
            "match_all": false,
            "name": "ssid.MlN",
            "org_id": "0361cd9b-a480-4ba2-8cdd-7193ec102afa",
            "radius_attrs": [],
            "radius_group": "",
            "radius_vendor_attrs": [],
            "session_timeout": 0,
            "type": "match",
            "values": [
              "MlN"
            ],
            "vlan": ""
          },
          "sensitive_attributes": [],
          "dependencies": [
            "mist_org.terraform_test"
          ]
        }
      ]
    },
    {
      "mode": "managed",
      "type": "mist_nactag",
      "name": "ssid_mln_do1x",
      "provider": "provider[\"registry.terraform.io/juniper/mist\"]",
      "instances": [
        {
          "schema_version": 0,
          "attributes": {
            "allow_usermac_override": false,
            "egress_vlan_names": [],
            "gbp_tag": 0,
            "id": "587dfe39-0669-4273-93cb-b14286f30354",
            "match": "ssid",
            "match_all": false,
            "name": "ssid.MlN.1X",
            "org_id": "0361cd9b-a480-4ba2-8cdd-7193ec102afa",
            "radius_attrs": [],
            "radius_group": "",
            "radius_vendor_attrs": [],
            "session_timeout": 0,
            "type": "match",
            "values": [
              "MlN.1X"
            ],
            "vlan": ""
          },
          "sensitive_attributes": [],
          "dependencies": [
            "mist_org.terraform_test"
          ]
        }
      ]
    },
    {
      "mode": "managed",
      "type": "mist_nactag",
      "name": "ssid_mln_nac",
      "provider": "provider[\"registry.terraform.io/juniper/mist\"]",
      "instances": [
        {
          "schema_version": 0,
          "attributes": {
            "allow_usermac_override": false,
            "egress_vlan_names": [],
            "gbp_tag": 0,
            "id": "7ee3f9bc-7821-4144-8783-f9bcc42214d5",
            "match": "ssid",
            "match_all": false,
            "name": "ssid.MlN.NAC",
            "org_id": "0361cd9b-a480-4ba2-8cdd-7193ec102afa",
            "radius_attrs": [],
            "radius_group": "",
            "radius_vendor_attrs": [],
            "session_timeout": 0,
            "type": "match",
            "values": [
              "MlN.NAC"
            ],
            "vlan": ""
          },
          "sensitive_attributes": [],
          "dependencies": [
            "mist_org.terraform_test"
          ]
        }
      ]
    },
    {
      "mode": "managed",
      "type": "mist_nactag",
      "name": "ssor_corp_dot1x",
      "provider": "provider[\"registry.terraform.io/juniper/mist\"]",
      "instances": [
        {
          "schema_version": 0,
          "attributes": {
            "allow_usermac_override": false,
            "egress_vlan_names": [],
            "gbp_tag": 0,
            "id": "034844c8-728b-44f7-9e96-481731e11ce5",
            "match": "ssid",
            "match_all": false,
            "name": "ssid.Corp.1X",
            "org_id": "0361cd9b-a480-4ba2-8cdd-7193ec102afa",
            "radius_attrs": [],
            "radius_group": "",
            "radius_vendor_attrs": [],
            "session_timeout": 0,
            "type": "match",
            "values": [
              "Corp"
            ],
            "vlan": ""
          },
          "sensitive_attributes": [],
          "dependencies": [
            "mist_org.terraform_test"
          ]
        }
      ]
    },
    {
      "mode": "managed",
      "type": "mist_nactag",
      "name": "trunk_ap",
      "provider": "provider[\"registry.terraform.io/juniper/mist\"]",
      "instances": [
        {
          "schema_version": 0,
          "attributes": {
            "allow_usermac_override": false,
            "egress_vlan_names": [
              "2mgt",
              "1corp",
              "1iot",
              "1lab",
              "1lan",
              "1srv",
              "1wan",
              "1reg"
            ],
            "gbp_tag": 0,
            "id": "0639facd-0c79-4e13-94c9-c8403c69ebe9",
            "match": "",
            "match_all": false,
            "name": "trunk-ap",
            "org_id": "0361cd9b-a480-4ba2-8cdd-7193ec102afa",
            "radius_attrs": [],
            "radius_group": "",
            "radius_vendor_attrs": [],
            "session_timeout": 0,
            "type": "egress_vlan_names",
            "values": [],
            "vlan": ""
          },
          "sensitive_attributes": [],
          "dependencies": [
            "mist_org.terraform_test"
          ]
        }
      ]
    },
    {
      "mode": "managed",
      "type": "mist_nactag",
      "name": "vlan_admin",
      "provider": "provider[\"registry.terraform.io/juniper/mist\"]",
      "instances": [
        {
          "schema_version": 0,
          "attributes": {
            "allow_usermac_override": false,
            "egress_vlan_names": [],
            "gbp_tag": 0,
            "id": "352249f1-1573-482c-9412-78b1048f7990",
            "match": "",
            "match_all": false,
            "name": "vlan.admins",
            "org_id": "0361cd9b-a480-4ba2-8cdd-7193ec102afa",
            "radius_attrs": [],
            "radius_group": "",
            "radius_vendor_attrs": [],
            "session_timeout": 0,
            "type": "vlan",
            "values": [],
            "vlan": "20"
          },
          "sensitive_attributes": [],
          "dependencies": [
            "mist_org.terraform_test"
          ]
        }
      ]
    },
    {
      "mode": "managed",
      "type": "mist_nactag",
      "name": "vlan_dmz",
      "provider": "provider[\"registry.terraform.io/juniper/mist\"]",
      "instances": [
        {
          "schema_version": 0,
          "attributes": {
            "allow_usermac_override": false,
            "egress_vlan_names": [],
            "gbp_tag": 0,
            "id": "c3f8e918-2ebf-4194-87d4-61cafe7eff86",
            "match": "",
            "match_all": false,
            "name": "vlan.dmz",
            "org_id": "0361cd9b-a480-4ba2-8cdd-7193ec102afa",
            "radius_attrs": [],
            "radius_group": "",
            "radius_vendor_attrs": [],
            "session_timeout": 0,
            "type": "vlan",
            "values": [],
            "vlan": "192"
          },
          "sensitive_attributes": [],
          "dependencies": [
            "mist_org.terraform_test"
          ]
        }
      ]
    },
    {
      "mode": "managed",
      "type": "mist_nactag",
      "name": "vlan_guest",
      "provider": "provider[\"registry.terraform.io/juniper/mist\"]",
      "instances": [
        {
          "schema_version": 0,
          "attributes": {
            "allow_usermac_override": false,
            "egress_vlan_names": [],
            "gbp_tag": 0,
            "id": "4ed36a04-024e-482e-bdda-70d9c4fa709b",
            "match": "",
            "match_all": false,
            "name": "vlan.guest",
            "org_id": "0361cd9b-a480-4ba2-8cdd-7193ec102afa",
            "radius_attrs": [],
            "radius_group": "",
            "radius_vendor_attrs": [],
            "session_timeout": 0,
            "type": "vlan",
            "values": [],
            "vlan": "12"
          },
          "sensitive_attributes": [],
          "dependencies": [
            "mist_org.terraform_test"
          ]
        }
      ]
    },
    {
      "mode": "managed",
      "type": "mist_nactag",
      "name": "vlan_reg",
      "provider": "provider[\"registry.terraform.io/juniper/mist\"]",
      "instances": [
        {
          "schema_version": 0,
          "attributes": {
            "allow_usermac_override": false,
            "egress_vlan_names": [],
            "gbp_tag": 0,
            "id": "eb0ba932-fd1f-460d-bb14-bc29eb6e1d08",
            "match": "",
            "match_all": false,
            "name": "vlan.reg",
            "org_id": "0361cd9b-a480-4ba2-8cdd-7193ec102afa",
            "radius_attrs": [],
            "radius_group": "",
            "radius_vendor_attrs": [],
            "session_timeout": 0,
            "type": "vlan",
            "values": [],
            "vlan": "12"
          },
          "sensitive_attributes": [],
          "dependencies": [
            "mist_org.terraform_test"
          ]
        }
      ]
    },
    {
      "mode": "managed",
      "type": "mist_nactag",
      "name": "vlan_srv",
      "provider": "provider[\"registry.terraform.io/juniper/mist\"]",
      "instances": [
        {
          "schema_version": 0,
          "attributes": {
            "allow_usermac_override": false,
            "egress_vlan_names": [],
            "gbp_tag": 0,
            "id": "5eb793dc-10f3-4beb-b64c-a1adea7fae99",
            "match": "",
            "match_all": false,
            "name": "vlan.srv",
            "org_id": "0361cd9b-a480-4ba2-8cdd-7193ec102afa",
            "radius_attrs": [],
            "radius_group": "",
            "radius_vendor_attrs": [],
            "session_timeout": 0,
            "type": "vlan",
            "values": [],
            "vlan": "20"
          },
          "sensitive_attributes": [],
          "dependencies": [
            "mist_org.terraform_test"
          ]
        }
      ]
    },
    {
      "mode": "managed",
      "type": "mist_nactag",
      "name": "vlan_sta",
      "provider": "provider[\"registry.terraform.io/juniper/mist\"]",
      "instances": [
        {
          "schema_version": 0,
          "attributes": {
            "allow_usermac_override": false,
            "egress_vlan_names": [],
            "gbp_tag": 0,
            "id": "bd99364b-2be6-4d8c-983b-ba1063cd5f02",
            "match": "",
            "match_all": false,
            "name": "vlan.sta",
            "org_id": "0361cd9b-a480-4ba2-8cdd-7193ec102afa",
            "radius_attrs": [],
            "radius_group": "",
            "radius_vendor_attrs": [],
            "session_timeout": 0,
            "type": "vlan",
            "values": [],
            "vlan": "10"
          },
          "sensitive_attributes": [],
          "dependencies": [
            "mist_org.terraform_test"
          ]
        }
      ]
    },
    {
      "mode": "managed",
      "type": "mist_nactag",
      "name": "vman_mgmt",
      "provider": "provider[\"registry.terraform.io/juniper/mist\"]",
      "instances": [
        {
          "schema_version": 0,
          "attributes": {
            "allow_usermac_override": false,
            "egress_vlan_names": [],
            "gbp_tag": 0,
            "id": "f493b24c-9e07-447f-a0d9-baa3c4bef4b6",
            "match": "",
            "match_all": false,
            "name": "vlan.mgmt",
            "org_id": "0361cd9b-a480-4ba2-8cdd-7193ec102afa",
            "radius_attrs": [],
            "radius_group": "",
            "radius_vendor_attrs": [],
            "session_timeout": 0,
            "type": "vlan",
            "values": [],
            "vlan": "172"
          },
          "sensitive_attributes": [],
          "dependencies": [
            "mist_org.terraform_test"
          ]
        }
      ]
    },
    {
      "mode": "managed",
      "type": "mist_network",
      "name": "corp",
      "provider": "provider[\"registry.terraform.io/juniper/mist\"]",
      "instances": [
        {
          "schema_version": 0,
          "attributes": {
            "disallow_mist_services": false,
            "gateway": "",
            "gateway6": "",
            "id": "771839c5-406c-4f06-a7e1-fda38075b96a",
            "internal_access": {
              "enabled": false
            },
            "internet_access": {
              "create_simple_service_policy": false,
              "destination_nat": {},
              "enabled": false,
              "restricted": false,
              "static_nat": {}
            },
            "isolation": false,
            "name": "prd_corp",
            "org_id": "0361cd9b-a480-4ba2-8cdd-7193ec102afa",
            "routed_for_networks": [],
            "subnet": "10.3.0.0",
            "subnet6": "",
            "tenants": {},
            "vlan_id": 0,
            "vpn_access": {}
          },
          "sensitive_attributes": [],
          "dependencies": [
            "mist_org.terraform_test"
          ]
        }
      ]
    },
    {
      "mode": "managed",
      "type": "mist_network",
      "name": "dmz",
      "provider": "provider[\"registry.terraform.io/juniper/mist\"]",
      "instances": [
        {
          "schema_version": 0,
          "attributes": {
            "disallow_mist_services": true,
            "gateway": "",
            "gateway6": "",
            "id": "95847925-6f80-41e0-b75f-8cde30e0c48d",
            "internal_access": {
              "enabled": false
            },
            "internet_access": {
              "create_simple_service_policy": false,
              "destination_nat": {
                "192.168.1.9:5431": {
                  "internal_ip": "10.3.3.3",
                  "name": "aws-wg",
                  "port": 51820
                }
              },
              "enabled": false,
              "restricted": false,
              "static_nat": {}
            },
            "isolation": true,
            "name": "SRX-DMZ",
            "org_id": "0361cd9b-a480-4ba2-8cdd-7193ec102afa",
            "routed_for_networks": [],
            "subnet": "10.3.3.0/24",
            "subnet6": "",
            "tenants": {
              "aws": {
                "addresses": [
                  "10.3.3.3"
                ]
              }
            },
            "vlan_id": 3,
            "vpn_access": {}
          },
          "sensitive_attributes": [],
          "dependencies": [
            "mist_org.terraform_test"
          ]
        }
      ]
    },
    {
      "mode": "managed",
      "type": "mist_network",
      "name": "iot",
      "provider": "provider[\"registry.terraform.io/juniper/mist\"]",
      "instances": [
        {
          "schema_version": 0,
          "attributes": {
            "disallow_mist_services": true,
            "gateway": "",
            "gateway6": "",
            "id": "5434f5df-1fd3-4b41-bf2b-b1221c054f16",
            "internal_access": {
              "enabled": false
            },
            "internet_access": {
              "create_simple_service_policy": false,
              "destination_nat": {},
              "enabled": false,
              "restricted": false,
              "static_nat": {}
            },
            "isolation": true,
            "name": "SRX-IoT",
            "org_id": "0361cd9b-a480-4ba2-8cdd-7193ec102afa",
            "routed_for_networks": [],
            "subnet": "10.3.8.0/24",
            "subnet6": "",
            "tenants": {
              "cctv-b": {
                "addresses": [
                  "10.3.8.41/32"
                ]
              },
              "cctv-c": {
                "addresses": [
                  "10.3.8.42/32"
                ]
              },
              "cctv-e": {
                "addresses": [
                  "10.3.8.40/32"
                ]
              },
              "cctv-x": {
                "addresses": [
                  "10.3.8.44/32"
                ]
              },
              "netatmo": {
                "addresses": [
                  "10.3.8.201/32"
                ]
              }
            },
            "vlan_id": 8,
            "vpn_access": {}
          },
          "sensitive_attributes": [],
          "dependencies": [
            "mist_org.terraform_test"
          ]
        }
      ]
    },
    {
      "mode": "managed",
      "type": "mist_network",
      "name": "mgmt",
      "provider": "provider[\"registry.terraform.io/juniper/mist\"]",
      "instances": [
        {
          "schema_version": 0,
          "attributes": {
            "disallow_mist_services": false,
            "gateway": "10.3.172.9",
            "gateway6": "",
            "id": "923f963d-4857-47d4-b5a5-d2c2012cbe97",
            "internal_access": {
              "enabled": false
            },
            "internet_access": {
              "create_simple_service_policy": false,
              "destination_nat": {},
              "enabled": false,
              "restricted": false,
              "static_nat": {}
            },
            "isolation": true,
            "name": "SRX-Mgmt",
            "org_id": "0361cd9b-a480-4ba2-8cdd-7193ec102afa",
            "routed_for_networks": [],
            "subnet": "10.3.172.0/24",
            "subnet6": "",
            "tenants": {},
            "vlan_id": 172,
            "vpn_access": {
              "OrgOverlay": {
                "advertised_subnet": "",
                "allow_ping": false,
                "destination_nat": {},
                "nat_pool": "",
                "no_readvertise_to_lan_bgp": false,
                "no_readvertise_to_lan_ospf": false,
                "no_readvertise_to_overlay": false,
                "other_vrfs": [],
                "routed": true,
                "source_nat": {
                  "exteral_ip": ""
                },
                "static_nat": {},
                "summarized_subnet": "",
                "summarized_subnet_to_lan_bgp": "",
                "summarized_subnet_to_lan_ospf": ""
              }
            }
          },
          "sensitive_attributes": [],
          "dependencies": [
            "mist_org.terraform_test"
          ]
        }
      ]
    },
    {
      "mode": "managed",
      "type": "mist_network",
      "name": "mxe",
      "provider": "provider[\"registry.terraform.io/juniper/mist\"]",
      "instances": [
        {
          "schema_version": 0,
          "attributes": {
            "disallow_mist_services": false,
            "gateway": "",
            "gateway6": "",
            "id": "edf08566-8bd2-4012-8a46-29b720481a66",
            "internal_access": {
              "enabled": false
            },
            "internet_access": {
              "create_simple_service_policy": false,
              "destination_nat": {
                "192.168.1.9:4500": {
                  "internal_ip": "10.10.0.10",
                  "name": "isakmp",
                  "port": 4500
                },
                "192.168.1.9:500": {
                  "internal_ip": "10.10.0.10",
                  "name": "ike",
                  "port": 500
                }
              },
              "enabled": false,
              "restricted": false,
              "static_nat": {}
            },
            "isolation": true,
            "name": "SRX-MXE-tt-in",
            "org_id": "0361cd9b-a480-4ba2-8cdd-7193ec102afa",
            "routed_for_networks": [],
            "subnet": "10.10.0.0/24",
            "subnet6": "",
            "tenants": {
              "mxe-ext": {
                "addresses": [
                  "10.10.0.10"
                ]
              }
            },
            "vlan_id": 1000,
            "vpn_access": {}
          },
          "sensitive_attributes": [],
          "dependencies": [
            "mist_org.terraform_test"
          ]
        }
      ]
    },
    {
      "mode": "managed",
      "type": "mist_network",
      "name": "reg",
      "provider": "provider[\"registry.terraform.io/juniper/mist\"]",
      "instances": [
        {
          "schema_version": 0,
          "attributes": {
            "disallow_mist_services": false,
            "gateway": "",
            "gateway6": "",
            "id": "a0cb2d34-6455-4c1c-8ff0-86abcc40f126",
            "internal_access": {
              "enabled": false
            },
            "internet_access": {
              "create_simple_service_policy": false,
              "destination_nat": {},
              "enabled": false,
              "restricted": false,
              "static_nat": {}
            },
            "isolation": true,
            "name": "SRX-REG",
            "org_id": "0361cd9b-a480-4ba2-8cdd-7193ec102afa",
            "routed_for_networks": [],
            "subnet": "10.3.12.0/24",
            "subnet6": "",
            "tenants": {},
            "vlan_id": 12,
            "vpn_access": {}
          },
          "sensitive_attributes": [],
          "dependencies": [
            "mist_org.terraform_test"
          ]
        }
      ]
    },
    {
      "mode": "managed",
      "type": "mist_network",
      "name": "ssr",
      "provider": "provider[\"registry.terraform.io/juniper/mist\"]",
      "instances": [
        {
          "schema_version": 0,
          "attributes": {
            "disallow_mist_services": false,
            "gateway": "",
            "gateway6": "",
            "id": "d33c4c23-7488-4ae6-9416-fcbf8b86ec93",
            "internal_access": {
              "enabled": false
            },
            "internet_access": {
              "create_simple_service_policy": false,
              "destination_nat": {},
              "enabled": false,
              "restricted": false,
              "static_nat": {}
            },
            "isolation": true,
            "name": "SRX-Core-128T",
            "org_id": "0361cd9b-a480-4ba2-8cdd-7193ec102afa",
            "routed_for_networks": [],
            "subnet": "10.128.100.0/16",
            "subnet6": "",
            "tenants": {},
            "vlan_id": 128,
            "vpn_access": {}
          },
          "sensitive_attributes": [],
          "dependencies": [
            "mist_org.terraform_test"
          ]
        }
      ]
    },
    {
      "mode": "managed",
      "type": "mist_networktemplate",
      "name": "switch_template",
      "provider": "provider[\"registry.terraform.io/juniper/mist\"]",
      "instances": [
        {
          "schema_version": 0,
          "attributes": {
            "acl_policies": null,
            "acl_tags": {},
            "additional_config_cmds": [
              "set system hostnam test",
              "set system services ssh root-login allow"
            ],
            "dhcp_snooping": {
              "all_networks": false,
              "enable_arp_spoof_check": false,
              "enable_ip_source_guard": false,
              "enabled": false,
              "networks": []
            },
            "dns_servers": [
              "10.3.51.222"
            ],
            "dns_suffix": [
              "stag.one"
            ],
            "extra_routes": {},
            "id": "1f3e03a7-85db-4d21-ac1c-60ba108f25a2",
            "mist_nac": {
              "enabled": false,
              "network": ""
            },
            "name": "test switch",
            "networks": {
              "test": {
                "isolation": false,
                "isolation_vlan_id": "",
                "subnet": "1.2.3.4",
                "vlan_id": 10
              },
              "test2": {
                "isolation": false,
                "isolation_vlan_id": "",
                "subnet": "1.2.3.4",
                "vlan_id": 11
              }
            },
            "ntp_servers": [
              "10.3.51.222"
            ],
            "org_id": "0361cd9b-a480-4ba2-8cdd-7193ec102afa",
            "port_mirrorings": {},
            "port_usages": {
              "trunk": {
                "all_networks": true,
                "allow_dhcpd": false,
                "allow_multiple_supplicants": false,
                "bypass_auth_when_server_down": false,
                "bypass_auth_when_server_down_for_unkonwn_client": false,
                "description": "profile for trunk ports",
                "disable_autoneg": false,
                "disabled": false,
                "duplex": "auto",
                "dynamic_vlan_networks": [],
                "enable_mac_auth": false,
                "enable_qos": true,
                "guest_network": "",
                "inter_switch_link": false,
                "mac_auth_only": false,
                "mac_auth_protocol": "eap-md5",
                "mac_limit": 0,
                "mode": "trunk",
                "mtu": 0,
                "networks": [],
                "persist_mac": false,
                "poe_disabled": false,
                "port_auth": "",
                "port_network": "",
                "reauth_interval": 3600,
                "rejected_network": "",
                "reset_default_when": "link_down",
                "rules": null,
                "speed": "",
                "storm_control": {
                  "no_broadcast": false,
                  "no_multicast": false,
                  "no_registered_multicast": false,
                  "no_unknown_unicast": false,
                  "percentage": 80
                },
                "stp_edge": false,
                "voip_network": ""
              }
            },
            "radius_config": {
              "acct_interim_interval": 60,
              "acct_servers": [
                {
                  "host": "1.2.3.4",
                  "keywrap_enabled": false,
                  "keywrap_format": "",
                  "keywrap_kek": "",
                  "keywrap_mack": "",
                  "port": 1813,
                  "secret": "secret"
                }
              ],
              "auth_servers": [
                {
                  "host": "1.2.3.4",
                  "keywrap_enabled": false,
                  "keywrap_format": "",
                  "keywrap_kek": "",
                  "keywrap_mack": "",
                  "port": 1812,
                  "secret": "secret"
                }
              ],
              "auth_servers_retries": 3,
              "auth_servers_timeout": 5,
              "coa_enabled": true,
              "coa_port": 3799,
              "network": "test",
              "source_ip": ""
            },
            "remote_syslog": {
              "archive": {
                "files": 2,
                "size": "5m"
              },
              "console": {
                "contents": [
                  {
                    "facility": "kernel",
                    "severity": "alert"
                  }
                ]
              },
              "enabled": true,
              "files": [],
              "network": "test",
              "send_to_all_servers": false,
              "servers": [
                {
                  "contents": [
                    {
                      "facility": "any",
                      "severity": "any"
                    }
                  ],
                  "explicit_priority": false,
                  "facility": "any",
                  "host": "1.2.3.4",
                  "match": "",
                  "port": 514,
                  "protocol": "udp",
                  "routing_instance": "",
                  "severity": "any",
                  "source_address": "",
                  "structured_data": false,
                  "tag": ""
                }
              ],
              "time_format": "",
              "users": []
            },
            "snmp_config": null,
            "switch_matching": {
              "enable": true,
              "matching_rules": []
            },
            "switch_mgmt": {
              "config_revert": 5,
              "protect_re": {
                "allowed_services": [],
                "custom": [],
                "enabled": true,
                "trusted_hosts": []
              },
              "root_password": "Juniper123",
              "tacacs": {
                "default_role": "none",
                "enabled": false,
                "network": "",
                "tacacct_servers": null,
                "tacplus_servers": null
              }
            },
            "vrf_config": {
              "enabled": false
            },
            "vrf_instances": {}
          },
          "sensitive_attributes": [],
          "dependencies": [
            "mist_org.terraform_test"
          ]
        }
      ]
    },
    {
      "mode": "managed",
      "type": "mist_org",
      "name": "terraform_test",
      "provider": "provider[\"registry.terraform.io/juniper/mist\"]",
      "instances": [
        {
          "schema_version": 0,
          "attributes": {
            "alarmtemplate_id": "",
            "allow_mist": true,
            "id": "0361cd9b-a480-4ba2-8cdd-7193ec102afa",
            "msp_id": "",
            "msp_logo_url": "",
            "msp_name": "",
            "name": "Terraform Testing",
            "orggroup_ids": [],
            "session_expiry": 1440
          },
          "sensitive_attributes": []
        }
      ]
    },
    {
      "mode": "managed",
      "type": "mist_service",
      "name": "lab",
      "provider": "provider[\"registry.terraform.io/juniper/mist\"]",
      "instances": [
        {
          "schema_version": 0,
          "attributes": {
            "addresses": [
              "10.3.0.0/24",
              "10.4.0.0/24"
            ],
            "app_categories": [],
            "app_subcategories": [],
            "apps": [],
            "description": "the lab network",
            "dscp": 0,
            "failover_policy": "revertable",
            "hostnames": [],
            "id": "463b565d-d3d6-4317-9ea3-438ba517b4cb",
            "max_jitter": 0,
            "max_latency": 0,
            "max_loss": 0,
            "name": "lab_network",
            "org_id": "0361cd9b-a480-4ba2-8cdd-7193ec102afa",
            "sle_enabled": false,
            "specs": [
              {
                "port_range": "443",
                "protocol": "tcp"
              }
            ],
            "ssr_relaxed_tcp_state_enforcement": false,
            "traffic_class": "best_effort",
            "traffic_type": "data_best_effort",
            "type": "custom",
            "urls": []
          },
          "sensitive_attributes": [],
          "dependencies": [
            "mist_org.terraform_test"
          ]
        }
      ]
    },
    {
      "mode": "managed",
      "type": "mist_site",
      "name": "terraform_site",
      "provider": "provider[\"registry.terraform.io/juniper/mist\"]",
      "instances": [
        {
          "schema_version": 0,
          "attributes": {
            "address": "77 Terrasse de l'Université, 92000 Nanterre, France",
            "alarmtemplate_id": "",
            "aptemplate_id": "",
            "country_code": "FR",
            "gatewaytemplate_id": "",
            "id": "28409ec2-5258-44c0-8cce-00a28d720870",
            "latlng": {
              "lat": 48.899268,
              "lng": 2.214447
            },
            "name": "terraform_site",
            "networktemplate_id": "1f3e03a7-85db-4d21-ac1c-60ba108f25a2",
            "notes": "Created with Terraform, Updated with Terraform",
            "org_id": "0361cd9b-a480-4ba2-8cdd-7193ec102afa",
            "rftemplate_id": "",
            "secpolicy_id": "",
            "sitegroup_ids": [
              "06b18a92-b64c-4f97-9b3e-fced41b99932",
              "b905a4dd-cace-4ab7-829c-dbc234fea0bc"
            ],
            "sitetemplate_id": "",
            "timezone": "Europe/Paris"
          },
          "sensitive_attributes": [],
          "dependencies": [
            "mist_gatewaytemplate.stag",
            "mist_networktemplate.switch_template",
            "mist_org.terraform_test",
            "mist_rftemplate.test_rf",
            "mist_sitegroup.test_group",
            "mist_sitegroup.test_group2"
          ]
        }
      ]
    },
    {
      "mode": "managed",
      "type": "mist_sitegroup",
      "name": "test_group",
      "provider": "provider[\"registry.terraform.io/juniper/mist\"]",
      "instances": [
        {
          "schema_version": 0,
          "attributes": {
            "id": "06b18a92-b64c-4f97-9b3e-fced41b99932",
            "name": "test group",
            "org_id": "0361cd9b-a480-4ba2-8cdd-7193ec102afa"
          },
          "sensitive_attributes": [],
          "dependencies": [
            "mist_org.terraform_test"
          ]
        }
      ]
    },
    {
      "mode": "managed",
      "type": "mist_sitegroup",
      "name": "test_group2",
      "provider": "provider[\"registry.terraform.io/juniper/mist\"]",
      "instances": [
        {
          "schema_version": 0,
          "attributes": {
            "id": "b905a4dd-cace-4ab7-829c-dbc234fea0bc",
            "name": "test group2b",
            "org_id": "0361cd9b-a480-4ba2-8cdd-7193ec102afa"
          },
          "sensitive_attributes": [],
          "dependencies": [
            "mist_org.terraform_test"
          ]
        }
      ]
    }
  ],
  "check_results": null
}
