{
  "version": 4,
  "terraform_version": "1.8.5",
  "serial": 305,
  "lineage": "b3ffaa77-1235-14bb-f123-a133955f78a0",
  "outputs": {},
  "resources": [
    {
      "mode": "managed",
      "type": "mist_gatewaytemplate",
      "name": "demo",
      "provider": "provider[\"registry.terraform.io/juniper/mist\"]",
      "instances": [
        {
          "schema_version": 0,
          "attributes": {
            "additional_config_cmds": [],
            "bgp_config": {},
            "dhcpd_config": {
              "config": {},
              "enabled": false
            },
            "dns_override": false,
            "dns_servers": [],
            "dns_suffix": [],
            "extra_routes": {},
            "id": "4cc5ed40-ac91-4ae1-8e94-9928973d917c",
            "idp_profiles": {},
            "ip_configs": {},
            "name": "sdwan-westford",
            "networks": [],
            "ntp_override": false,
            "ntp_servers": [],
            "org_id": "0361cd9b-a480-4ba2-8cdd-7193ec102afa",
            "path_preferences": {},
            "port_config": {},
            "router_id": "",
            "routing_policies": {},
            "service_policies": [],
            "tunnel_configs": {},
            "tunnel_provider_options": {
              "jse": {
                "name": "",
                "num_users": 0
              },
              "zscaler": {
                "aup_acceptance_required": true,
                "aup_expire": 1,
                "aup_ssl_proxy": false,
                "download_mbps": 0,
                "enable_aup": false,
                "enable_caution": false,
                "enforce_authentication": false,
                "name": "",
                "sub_locations": [],
                "upload_mbps": 0,
                "use_xff": false
              }
            },
            "type": "spoke"
          },
          "sensitive_attributes": [],
          "dependencies": [
            "mist_org.terraform_test"
          ]
        }
      ]
    },
    {
      "mode": "managed",
      "type": "mist_org",
      "name": "terraform_test",
      "provider": "provider[\"registry.terraform.io/juniper/mist\"]",
      "instances": [
        {
          "schema_version": 0,
          "attributes": {
            "alarmtemplate_id": "",
            "allow_mist": true,
            "id": "0361cd9b-a480-4ba2-8cdd-7193ec102afa",
            "msp_id": "",
            "msp_logo_url": "",
            "msp_name": "",
            "name": "Terraform Testing",
            "orggroup_ids": [],
            "session_expiry": 1440
          },
          "sensitive_attributes": []
        }
      ]
    }
  ],
  "check_results": null
}
