{
  "version": 4,
  "terraform_version": "1.9.8",
  "serial": 2780,
  "lineage": "c4714f04-2e6c-11cc-cf12-1736fca8cc86",
  "outputs": {},
  "resources": [
    {
      "mode": "managed",
      "type": "mist_org",
      "name": "terraform_test",
      "provider": "provider[\"registry.terraform.io/juniper/mist\"]",
      "instances": [
        {
          "schema_version": 0,
          "attributes": {
            "alarmtemplate_id": null,
            "allow_mist": true,
            "id": "15017582-6f6e-41d0-8241-a8b2062587ab",
            "msp_id": null,
            "msp_logo_url": null,
            "msp_name": null,
            "name": "Debug_TF_TM",
            "orggroup_ids": [],
            "session_expiry": 1440
          },
          "sensitive_attributes": []
        }
      ]
    },
    {
      "mode": "managed",
      "type": "mist_org_network",
      "name": "network_10_0_0_0_8179",
      "provider": "provider[\"registry.terraform.io/juniper/mist\"]",
      "instances": [
        {
          "schema_version": 0,
          "attributes": {
            "disallow_mist_services": true,
            "gateway": null,
            "gateway6": null,
            "id": "94a4c456-e48f-4497-91d9-e8a7a5286856",
            "internal_access": null,
            "internet_access": null,
            "isolation": true,
            "name": "10_0_0_0_8",
            "org_id": "15017582-6f6e-41d0-8241-a8b2062587ab",
            "routed_for_networks": null,
            "subnet": "10.0.0.0/8",
            "subnet6": null,
            "tenants": null,
            "vlan_id": "3797",
            "vpn_access": {
              "OrgOverlay": {
                "advertised_subnet": null,
                "allow_ping": null,
                "destination_nat": null,
                "nat_pool": null,
                "no_readvertise_to_lan_bgp": false,
                "no_readvertise_to_lan_ospf": false,
                "no_readvertise_to_overlay": null,
                "other_vrfs": [],
                "routed": true,
                "source_nat": null,
                "static_nat": null,
                "summarized_subnet": null,
                "summarized_subnet_to_lan_bgp": null,
                "summarized_subnet_to_lan_ospf": null
              }
            }
          },
          "sensitive_attributes": [],
          "dependencies": [
            "mist_org.terraform_test"
          ]
        }
      ]
    },
    {
      "mode": "managed",
      "type": "mist_org_network",
      "name": "network_10_231_205_0_25241",
      "provider": "provider[\"registry.terraform.io/juniper/mist\"]",
      "instances": [
        {
          "schema_version": 0,
          "attributes": {
            "disallow_mist_services": true,
            "gateway": null,
            "gateway6": null,
            "id": "fbeaf37f-3ba9-46ad-b502-d5f3161d2c5f",
            "internal_access": null,
            "internet_access": null,
            "isolation": true,
            "name": "10-231-205-0_25",
            "org_id": "15017582-6f6e-41d0-8241-a8b2062587ab",
            "routed_for_networks": null,
            "subnet": "10.231.205.0/25",
            "subnet6": null,
            "tenants": null,
            "vlan_id": null,
            "vpn_access": {
              "OrgOverlay": {
                "advertised_subnet": null,
                "allow_ping": null,
                "destination_nat": null,
                "nat_pool": null,
                "no_readvertise_to_lan_bgp": false,
                "no_readvertise_to_lan_ospf": false,
                "no_readvertise_to_overlay": null,
                "other_vrfs": [],
                "routed": true,
                "source_nat": null,
                "static_nat": null,
                "summarized_subnet": null,
                "summarized_subnet_to_lan_bgp": null,
                "summarized_subnet_to_lan_ospf": null
              }
            }
          },
          "sensitive_attributes": [],
          "dependencies": [
            "mist_org.terraform_test"
          ]
        }
      ]
    },
    {
      "mode": "managed",
      "type": "mist_org_network",
      "name": "network_10_235_223_0_2460",
      "provider": "provider[\"registry.terraform.io/juniper/mist\"]",
      "instances": [
        {
          "schema_version": 0,
          "attributes": {
            "disallow_mist_services": true,
            "gateway": null,
            "gateway6": null,
            "id": "65a87828-2648-4706-8c19-f1b5faeff07a",
            "internal_access": null,
            "internet_access": null,
            "isolation": true,
            "name": "10_235_223_0_24",
            "org_id": "15017582-6f6e-41d0-8241-a8b2062587ab",
            "routed_for_networks": null,
            "subnet": "10.235.223.0/24",
            "subnet6": null,
            "tenants": null,
            "vlan_id": null,
            "vpn_access": {
              "OrgOverlay": {
                "advertised_subnet": null,
                "allow_ping": null,
                "destination_nat": null,
                "nat_pool": null,
                "no_readvertise_to_lan_bgp": false,
                "no_readvertise_to_lan_ospf": false,
                "no_readvertise_to_overlay": false,
                "other_vrfs": [],
                "routed": true,
                "source_nat": null,
                "static_nat": null,
                "summarized_subnet": null,
                "summarized_subnet_to_lan_bgp": null,
                "summarized_subnet_to_lan_ospf": null
              }
            }
          },
          "sensitive_attributes": [],
          "dependencies": [
            "mist_org.terraform_test"
          ]
        }
      ]
    },
    {
      "mode": "managed",
      "type": "mist_org_network",
      "name": "network_172_16_0_0_12223",
      "provider": "provider[\"registry.terraform.io/juniper/mist\"]",
      "instances": [
        {
          "schema_version": 0,
          "attributes": {
            "disallow_mist_services": true,
            "gateway": null,
            "gateway6": null,
            "id": "854e2dbc-f15c-48c9-b6b3-f175b147375d",
            "internal_access": null,
            "internet_access": null,
            "isolation": true,
            "name": "172_16_0_0_12",
            "org_id": "15017582-6f6e-41d0-8241-a8b2062587ab",
            "routed_for_networks": null,
            "subnet": "172.16.0.0/12",
            "subnet6": null,
            "tenants": null,
            "vlan_id": "3797",
            "vpn_access": {
              "OrgOverlay": {
                "advertised_subnet": null,
                "allow_ping": null,
                "destination_nat": null,
                "nat_pool": null,
                "no_readvertise_to_lan_bgp": false,
                "no_readvertise_to_lan_ospf": false,
                "no_readvertise_to_overlay": null,
                "other_vrfs": [],
                "routed": true,
                "source_nat": null,
                "static_nat": null,
                "summarized_subnet": null,
                "summarized_subnet_to_lan_bgp": null,
                "summarized_subnet_to_lan_ospf": null
              }
            }
          },
          "sensitive_attributes": [],
          "dependencies": [
            "mist_org.terraform_test"
          ]
        }
      ]
    },
    {
      "mode": "managed",
      "type": "mist_org_network",
      "name": "network_172_16_0_0_2084",
      "provider": "provider[\"registry.terraform.io/juniper/mist\"]",
      "instances": [
        {
          "schema_version": 0,
          "attributes": {
            "disallow_mist_services": true,
            "gateway": null,
            "gateway6": null,
            "id": "0bdc9082-54b9-4625-83ae-fc04bb0e5c1f",
            "internal_access": null,
            "internet_access": null,
            "isolation": true,
            "name": "172_16_0_0_20",
            "org_id": "15017582-6f6e-41d0-8241-a8b2062587ab",
            "routed_for_networks": null,
            "subnet": "172.16.0.0/20",
            "subnet6": null,
            "tenants": null,
            "vlan_id": "3797",
            "vpn_access": {
              "OrgOverlay": {
                "advertised_subnet": null,
                "allow_ping": null,
                "destination_nat": null,
                "nat_pool": null,
                "no_readvertise_to_lan_bgp": false,
                "no_readvertise_to_lan_ospf": false,
                "no_readvertise_to_overlay": null,
                "other_vrfs": [],
                "routed": true,
                "source_nat": null,
                "static_nat": null,
                "summarized_subnet": null,
                "summarized_subnet_to_lan_bgp": null,
                "summarized_subnet_to_lan_ospf": null
              }
            }
          },
          "sensitive_attributes": [],
          "dependencies": [
            "mist_org.terraform_test"
          ]
        }
      ]
    },
    {
      "mode": "managed",
      "type": "mist_org_network",
      "name": "network_192_168_0_0_16121",
      "provider": "provider[\"registry.terraform.io/juniper/mist\"]",
      "instances": [
        {
          "schema_version": 0,
          "attributes": {
            "disallow_mist_services": true,
            "gateway": null,
            "gateway6": null,
            "id": "33a54795-5316-4041-820b-8ae5b88abb11",
            "internal_access": null,
            "internet_access": null,
            "isolation": true,
            "name": "192_168_0_0_16",
            "org_id": "15017582-6f6e-41d0-8241-a8b2062587ab",
            "routed_for_networks": null,
            "subnet": "192.168.0.0/16",
            "subnet6": null,
            "tenants": null,
            "vlan_id": "3797",
            "vpn_access": {
              "OrgOverlay": {
                "advertised_subnet": null,
                "allow_ping": null,
                "destination_nat": null,
                "nat_pool": null,
                "no_readvertise_to_lan_bgp": false,
                "no_readvertise_to_lan_ospf": false,
                "no_readvertise_to_overlay": null,
                "other_vrfs": [],
                "routed": true,
                "source_nat": null,
                "static_nat": null,
                "summarized_subnet": null,
                "summarized_subnet_to_lan_bgp": null,
                "summarized_subnet_to_lan_ospf": null
              }
            }
          },
          "sensitive_attributes": [],
          "dependencies": [
            "mist_org.terraform_test"
          ]
        }
      ]
    },
    {
      "mode": "managed",
      "type": "mist_org_network",
      "name": "network_42_0_0_0_8140",
      "provider": "provider[\"registry.terraform.io/juniper/mist\"]",
      "instances": [
        {
          "schema_version": 0,
          "attributes": {
            "disallow_mist_services": true,
            "gateway": null,
            "gateway6": null,
            "id": "6c74e99a-547f-4e61-85a9-f22b810d52cf",
            "internal_access": null,
            "internet_access": null,
            "isolation": true,
            "name": "42_0_0_0_8",
            "org_id": "15017582-6f6e-41d0-8241-a8b2062587ab",
            "routed_for_networks": null,
            "subnet": "42.0.0.0/8",
            "subnet6": null,
            "tenants": null,
            "vlan_id": "3797",
            "vpn_access": {
              "OrgOverlay": {
                "advertised_subnet": null,
                "allow_ping": null,
                "destination_nat": null,
                "nat_pool": null,
                "no_readvertise_to_lan_bgp": false,
                "no_readvertise_to_lan_ospf": false,
                "no_readvertise_to_overlay": null,
                "other_vrfs": [],
                "routed": true,
                "source_nat": null,
                "static_nat": null,
                "summarized_subnet": null,
                "summarized_subnet_to_lan_bgp": null,
                "summarized_subnet_to_lan_ospf": null
              }
            }
          },
          "sensitive_attributes": [],
          "dependencies": [
            "mist_org.terraform_test"
          ]
        }
      ]
    },
    {
      "mode": "managed",
      "type": "mist_org_network",
      "name": "network_AJ_HUB_QFX_lo019",
      "provider": "provider[\"registry.terraform.io/juniper/mist\"]",
      "instances": [
        {
          "schema_version": 0,
          "attributes": {
            "disallow_mist_services": true,
            "gateway": null,
            "gateway6": null,
            "id": "181d7dd2-d432-44c5-a372-59ce374e7e12",
            "internal_access": null,
            "internet_access": null,
            "isolation": true,
            "name": "AJ-HUB-QFX-lo0",
            "org_id": "15017582-6f6e-41d0-8241-a8b2062587ab",
            "routed_for_networks": null,
            "subnet": "4.4.4.4/32",
            "subnet6": null,
            "tenants": null,
            "vlan_id": null,
            "vpn_access": null
          },
          "sensitive_attributes": [],
          "dependencies": [
            "mist_org.terraform_test"
          ]
        }
      ]
    },
    {
      "mode": "managed",
      "type": "mist_org_network",
      "name": "network_AT_CORP_WIRELESS_VL20118",
      "provider": "provider[\"registry.terraform.io/juniper/mist\"]",
      "instances": [
        {
          "schema_version": 0,
          "attributes": {
            "disallow_mist_services": true,
            "gateway": null,
            "gateway6": null,
            "id": "49a431ee-9a37-49bf-81c8-688ea0f226ec",
            "internal_access": null,
            "internet_access": null,
            "isolation": true,
            "name": "AT_CORP-WIRELESS_VL200",
            "org_id": "15017582-6f6e-41d0-8241-a8b2062587ab",
            "routed_for_networks": null,
            "subnet": "{{at_corp_wireless}}/{{at_corp_wireless_cidr}}",
            "subnet6": null,
            "tenants": null,
            "vlan_id": "200",
            "vpn_access": {
              "OrgOverlay": {
                "advertised_subnet": null,
                "allow_ping": null,
                "destination_nat": null,
                "nat_pool": null,
                "no_readvertise_to_lan_bgp": false,
                "no_readvertise_to_lan_ospf": false,
                "no_readvertise_to_overlay": null,
                "other_vrfs": [],
                "routed": true,
                "source_nat": null,
                "static_nat": null,
                "summarized_subnet": null,
                "summarized_subnet_to_lan_bgp": null,
                "summarized_subnet_to_lan_ospf": null
              }
            }
          },
          "sensitive_attributes": [],
          "dependencies": [
            "mist_org.terraform_test"
          ]
        }
      ]
    },
    {
      "mode": "managed",
      "type": "mist_org_network",
      "name": "network_AT_DIGITAL_VL400155",
      "provider": "provider[\"registry.terraform.io/juniper/mist\"]",
      "instances": [
        {
          "schema_version": 0,
          "attributes": {
            "disallow_mist_services": true,
            "gateway": null,
            "gateway6": null,
            "id": "354cb52c-0a50-4fb0-bcc6-aee1fd85ea6c",
            "internal_access": null,
            "internet_access": null,
            "isolation": true,
            "name": "AT_DIGITAL_VL400",
            "org_id": "15017582-6f6e-41d0-8241-a8b2062587ab",
            "routed_for_networks": null,
            "subnet": "{{at_d_media}}/{{at_d_media_cidr}}",
            "subnet6": null,
            "tenants": null,
            "vlan_id": "400",
            "vpn_access": {
              "OrgOverlay": {
                "advertised_subnet": null,
                "allow_ping": null,
                "destination_nat": null,
                "nat_pool": null,
                "no_readvertise_to_lan_bgp": false,
                "no_readvertise_to_lan_ospf": false,
                "no_readvertise_to_overlay": null,
                "other_vrfs": [],
                "routed": true,
                "source_nat": null,
                "static_nat": null,
                "summarized_subnet": null,
                "summarized_subnet_to_lan_bgp": null,
                "summarized_subnet_to_lan_ospf": null
              }
            }
          },
          "sensitive_attributes": [],
          "dependencies": [
            "mist_org.terraform_test"
          ]
        }
      ]
    },
    {
      "mode": "managed",
      "type": "mist_org_network",
      "name": "network_AT_DVR_VL300157",
      "provider": "provider[\"registry.terraform.io/juniper/mist\"]",
      "instances": [
        {
          "schema_version": 0,
          "attributes": {
            "disallow_mist_services": true,
            "gateway": null,
            "gateway6": null,
            "id": "9fafa831-e59f-4120-83f5-5062be1d28ac",
            "internal_access": null,
            "internet_access": null,
            "isolation": true,
            "name": "AT_DVR_VL300",
            "org_id": "15017582-6f6e-41d0-8241-a8b2062587ab",
            "routed_for_networks": null,
            "subnet": "{{at_dvr}}/{{at_dvr_cidr}}",
            "subnet6": null,
            "tenants": null,
            "vlan_id": "300",
            "vpn_access": {
              "OrgOverlay": {
                "advertised_subnet": null,
                "allow_ping": null,
                "destination_nat": null,
                "nat_pool": null,
                "no_readvertise_to_lan_bgp": false,
                "no_readvertise_to_lan_ospf": false,
                "no_readvertise_to_overlay": null,
                "other_vrfs": [],
                "routed": true,
                "source_nat": null,
                "static_nat": null,
                "summarized_subnet": null,
                "summarized_subnet_to_lan_bgp": null,
                "summarized_subnet_to_lan_ospf": null
              }
            }
          },
          "sensitive_attributes": [],
          "dependencies": [
            "mist_org.terraform_test"
          ]
        }
      ]
    },
    {
      "mode": "managed",
      "type": "mist_org_network",
      "name": "network_AT_GWiFi_VL20281",
      "provider": "provider[\"registry.terraform.io/juniper/mist\"]",
      "instances": [
        {
          "schema_version": 0,
          "attributes": {
            "disallow_mist_services": true,
            "gateway": null,
            "gateway6": null,
            "id": "d2a71ee1-32ce-427d-8174-5b4b44811ddd",
            "internal_access": null,
            "internet_access": null,
            "isolation": true,
            "name": "AT_GWiFi_VL202",
            "org_id": "15017582-6f6e-41d0-8241-a8b2062587ab",
            "routed_for_networks": null,
            "subnet": "{{at_gwifi}}/{{at_gwifi_cidr}}",
            "subnet6": null,
            "tenants": null,
            "vlan_id": "202",
            "vpn_access": null
          },
          "sensitive_attributes": [],
          "dependencies": [
            "mist_org.terraform_test"
          ]
        }
      ]
    },
    {
      "mode": "managed",
      "type": "mist_org_network",
      "name": "network_AT_LTE_MGMT_VL888233",
      "provider": "provider[\"registry.terraform.io/juniper/mist\"]",
      "instances": [
        {
          "schema_version": 0,
          "attributes": {
            "disallow_mist_services": true,
            "gateway": null,
            "gateway6": null,
            "id": "aa27114a-692c-424c-b844-f0f5ab4959d4",
            "internal_access": null,
            "internet_access": null,
            "isolation": true,
            "name": "AT_LTE-MGMT_VL888",
            "org_id": "15017582-6f6e-41d0-8241-a8b2062587ab",
            "routed_for_networks": null,
            "subnet": "192.168.98.0/30",
            "subnet6": null,
            "tenants": null,
            "vlan_id": "888",
            "vpn_access": {
              "OrgOverlay": {
                "advertised_subnet": null,
                "allow_ping": null,
                "destination_nat": null,
                "nat_pool": "{{at_natted_ip}}/32",
                "no_readvertise_to_lan_bgp": false,
                "no_readvertise_to_lan_ospf": false,
                "no_readvertise_to_overlay": null,
                "other_vrfs": [],
                "routed": false,
                "source_nat": null,
                "static_nat": {
                  "{{at_natted_ip}}": {
                    "internal_ip": "192.168.98.2",
                    "name": "SMI-to-LTE",
                    "wan_name": null
                  }
                },
                "summarized_subnet": null,
                "summarized_subnet_to_lan_bgp": null,
                "summarized_subnet_to_lan_ospf": null
              }
            }
          },
          "sensitive_attributes": [],
          "dependencies": [
            "mist_org.terraform_test"
          ]
        }
      ]
    },
    {
      "mode": "managed",
      "type": "mist_org_network",
      "name": "network_AT_MGMT_VL1147",
      "provider": "provider[\"registry.terraform.io/juniper/mist\"]",
      "instances": [
        {
          "schema_version": 0,
          "attributes": {
            "disallow_mist_services": false,
            "gateway": null,
            "gateway6": null,
            "id": "e09f9d93-3851-47c4-80cd-47235a7f9b7f",
            "internal_access": null,
            "internet_access": null,
            "isolation": true,
            "name": "AT_MGMT_VL1",
            "org_id": "15017582-6f6e-41d0-8241-a8b2062587ab",
            "routed_for_networks": null,
            "subnet": "{{at_default}}/{{at_default_cidr}}",
            "subnet6": null,
            "tenants": null,
            "vlan_id": null,
            "vpn_access": {
              "OrgOverlay": {
                "advertised_subnet": null,
                "allow_ping": null,
                "destination_nat": null,
                "nat_pool": null,
                "no_readvertise_to_lan_bgp": false,
                "no_readvertise_to_lan_ospf": false,
                "no_readvertise_to_overlay": null,
                "other_vrfs": [],
                "routed": true,
                "source_nat": null,
                "static_nat": null,
                "summarized_subnet": null,
                "summarized_subnet_to_lan_bgp": null,
                "summarized_subnet_to_lan_ospf": null
              }
            }
          },
          "sensitive_attributes": [],
          "dependencies": [
            "mist_org.terraform_test"
          ]
        }
      ]
    },
    {
      "mode": "managed",
      "type": "mist_org_network",
      "name": "network_AT_POS_VL10062",
      "provider": "provider[\"registry.terraform.io/juniper/mist\"]",
      "instances": [
        {
          "schema_version": 0,
          "attributes": {
            "disallow_mist_services": true,
            "gateway": null,
            "gateway6": null,
            "id": "a106e5e3-5df8-478f-bb81-aed0cd8702df",
            "internal_access": null,
            "internet_access": null,
            "isolation": true,
            "name": "AT_POS_VL100",
            "org_id": "15017582-6f6e-41d0-8241-a8b2062587ab",
            "routed_for_networks": null,
            "subnet": "{{at_pos}}/{{at_pos_cidr}}",
            "subnet6": null,
            "tenants": null,
            "vlan_id": "100",
            "vpn_access": {
              "OrgOverlay": {
                "advertised_subnet": null,
                "allow_ping": null,
                "destination_nat": null,
                "nat_pool": null,
                "no_readvertise_to_lan_bgp": false,
                "no_readvertise_to_lan_ospf": false,
                "no_readvertise_to_overlay": null,
                "other_vrfs": [],
                "routed": true,
                "source_nat": null,
                "static_nat": null,
                "summarized_subnet": null,
                "summarized_subnet_to_lan_bgp": null,
                "summarized_subnet_to_lan_ospf": null
              }
            }
          },
          "sensitive_attributes": [],
          "dependencies": [
            "mist_org.terraform_test"
          ]
        }
      ]
    },
    {
      "mode": "managed",
      "type": "mist_org_network",
      "name": "network_AT_PRINTERS_VL102132",
      "provider": "provider[\"registry.terraform.io/juniper/mist\"]",
      "instances": [
        {
          "schema_version": 0,
          "attributes": {
            "disallow_mist_services": true,
            "gateway": null,
            "gateway6": null,
            "id": "038f8a33-4d56-4b26-914b-14cdaa463227",
            "internal_access": null,
            "internet_access": null,
            "isolation": true,
            "name": "AT_PRINTERS_VL102",
            "org_id": "15017582-6f6e-41d0-8241-a8b2062587ab",
            "routed_for_networks": null,
            "subnet": "{{at_printers}}/{{at_printers_cidr}}",
            "subnet6": null,
            "tenants": null,
            "vlan_id": "102",
            "vpn_access": {
              "OrgOverlay": {
                "advertised_subnet": null,
                "allow_ping": null,
                "destination_nat": null,
                "nat_pool": null,
                "no_readvertise_to_lan_bgp": false,
                "no_readvertise_to_lan_ospf": false,
                "no_readvertise_to_overlay": null,
                "other_vrfs": [],
                "routed": true,
                "source_nat": null,
                "static_nat": null,
                "summarized_subnet": null,
                "summarized_subnet_to_lan_bgp": null,
                "summarized_subnet_to_lan_ospf": null
              }
            }
          },
          "sensitive_attributes": [],
          "dependencies": [
            "mist_org.terraform_test"
          ]
        }
      ]
    },
    {
      "mode": "managed",
      "type": "mist_org_network",
      "name": "network_AT_TABLETS_VL20135",
      "provider": "provider[\"registry.terraform.io/juniper/mist\"]",
      "instances": [
        {
          "schema_version": 0,
          "attributes": {
            "disallow_mist_services": true,
            "gateway": null,
            "gateway6": null,
            "id": "398b2780-5cdc-424e-a433-3e2c350f0dba",
            "internal_access": null,
            "internet_access": null,
            "isolation": true,
            "name": "AT_TABLETS_VL201",
            "org_id": "15017582-6f6e-41d0-8241-a8b2062587ab",
            "routed_for_networks": null,
            "subnet": "{{at_tablets}}/{{at_tablets_cidr}}",
            "subnet6": null,
            "tenants": null,
            "vlan_id": "201",
            "vpn_access": {
              "OrgOverlay": {
                "advertised_subnet": null,
                "allow_ping": null,
                "destination_nat": null,
                "nat_pool": null,
                "no_readvertise_to_lan_bgp": false,
                "no_readvertise_to_lan_ospf": false,
                "no_readvertise_to_overlay": null,
                "other_vrfs": [],
                "routed": true,
                "source_nat": null,
                "static_nat": null,
                "summarized_subnet": null,
                "summarized_subnet_to_lan_bgp": null,
                "summarized_subnet_to_lan_ospf": null
              }
            }
          },
          "sensitive_attributes": [],
          "dependencies": [
            "mist_org.terraform_test"
          ]
        }
      ]
    },
    {
      "mode": "managed",
      "type": "mist_org_network",
      "name": "network_AT_VOIP_VL50047",
      "provider": "provider[\"registry.terraform.io/juniper/mist\"]",
      "instances": [
        {
          "schema_version": 0,
          "attributes": {
            "disallow_mist_services": true,
            "gateway": null,
            "gateway6": null,
            "id": "b6cd1e06-0b0e-4c95-aa3d-3891d7681048",
            "internal_access": null,
            "internet_access": null,
            "isolation": true,
            "name": "AT_VOIP_VL500",
            "org_id": "15017582-6f6e-41d0-8241-a8b2062587ab",
            "routed_for_networks": null,
            "subnet": "{{at_voip}}/{{at_voip_cidr}}",
            "subnet6": null,
            "tenants": null,
            "vlan_id": "500",
            "vpn_access": {
              "OrgOverlay": {
                "advertised_subnet": null,
                "allow_ping": null,
                "destination_nat": null,
                "nat_pool": null,
                "no_readvertise_to_lan_bgp": false,
                "no_readvertise_to_lan_ospf": false,
                "no_readvertise_to_overlay": null,
                "other_vrfs": [],
                "routed": true,
                "source_nat": null,
                "static_nat": null,
                "summarized_subnet": null,
                "summarized_subnet_to_lan_bgp": null,
                "summarized_subnet_to_lan_ospf": null
              }
            }
          },
          "sensitive_attributes": [],
          "dependencies": [
            "mist_org.terraform_test"
          ]
        }
      ]
    },
    {
      "mode": "managed",
      "type": "mist_org_network",
      "name": "network_AT_WORKSTATIONS_VL10144",
      "provider": "provider[\"registry.terraform.io/juniper/mist\"]",
      "instances": [
        {
          "schema_version": 0,
          "attributes": {
            "disallow_mist_services": true,
            "gateway": null,
            "gateway6": null,
            "id": "6a78671b-9887-4526-938e-ae30e7d11d61",
            "internal_access": null,
            "internet_access": null,
            "isolation": true,
            "name": "AT_WORKSTATIONS_VL101",
            "org_id": "15017582-6f6e-41d0-8241-a8b2062587ab",
            "routed_for_networks": null,
            "subnet": "{{at_workstations}}/{{at_workstations_cidr}}",
            "subnet6": null,
            "tenants": null,
            "vlan_id": "101",
            "vpn_access": {
              "OrgOverlay": {
                "advertised_subnet": null,
                "allow_ping": null,
                "destination_nat": null,
                "nat_pool": null,
                "no_readvertise_to_lan_bgp": false,
                "no_readvertise_to_lan_ospf": false,
                "no_readvertise_to_overlay": null,
                "other_vrfs": [],
                "routed": true,
                "source_nat": null,
                "static_nat": null,
                "summarized_subnet": null,
                "summarized_subnet_to_lan_bgp": null,
                "summarized_subnet_to_lan_ospf": null
              }
            }
          },
          "sensitive_attributes": [],
          "dependencies": [
            "mist_org.terraform_test"
          ]
        }
      ]
    },
    {
      "mode": "managed",
      "type": "mist_org_network",
      "name": "network_BELL_SMI_NAT208",
      "provider": "provider[\"registry.terraform.io/juniper/mist\"]",
      "instances": [
        {
          "schema_version": 0,
          "attributes": {
            "disallow_mist_services": true,
            "gateway": null,
            "gateway6": null,
            "id": "9b9abe49-dc61-43ff-8937-b402c36915ba",
            "internal_access": null,
            "internet_access": null,
            "isolation": true,
            "name": "BELL_SMI_NAT",
            "org_id": "15017582-6f6e-41d0-8241-a8b2062587ab",
            "routed_for_networks": null,
            "subnet": "69.158.230.188/32",
            "subnet6": null,
            "tenants": {
              "BELL_SMI_NAT_Users_Subnet": {
                "addresses": [
                  "69.158.230.188/32"
                ]
              }
            },
            "vlan_id": null,
            "vpn_access": {
              "OrgOverlay": {
                "advertised_subnet": null,
                "allow_ping": null,
                "destination_nat": null,
                "nat_pool": null,
                "no_readvertise_to_lan_bgp": false,
                "no_readvertise_to_lan_ospf": false,
                "no_readvertise_to_overlay": false,
                "other_vrfs": [],
                "routed": true,
                "source_nat": null,
                "static_nat": null,
                "summarized_subnet": null,
                "summarized_subnet_to_lan_bgp": null,
                "summarized_subnet_to_lan_ospf": null
              }
            }
          },
          "sensitive_attributes": [],
          "dependencies": [
            "mist_org.terraform_test"
          ]
        }
      ]
    },
    {
      "mode": "managed",
      "type": "mist_org_network",
      "name": "network_BELL_SMI_WIN_JUMP_SER245",
      "provider": "provider[\"registry.terraform.io/juniper/mist\"]",
      "instances": [
        {
          "schema_version": 0,
          "attributes": {
            "disallow_mist_services": true,
            "gateway": null,
            "gateway6": null,
            "id": "a4ba94b1-788e-44da-a1c8-89f7892708e5",
            "internal_access": null,
            "internet_access": null,
            "isolation": true,
            "name": "BELL_SMI_WIN_JUMP_SERVER",
            "org_id": "15017582-6f6e-41d0-8241-a8b2062587ab",
            "routed_for_networks": null,
            "subnet": "142.125.248.192/32",
            "subnet6": null,
            "tenants": {
              "BELL_SMI_JUMP_USERS_SUBNET": {
                "addresses": [
                  "142.125.248.192/32"
                ]
              }
            },
            "vlan_id": null,
            "vpn_access": {
              "OrgOverlay": {
                "advertised_subnet": null,
                "allow_ping": null,
                "destination_nat": null,
                "nat_pool": null,
                "no_readvertise_to_lan_bgp": false,
                "no_readvertise_to_lan_ospf": false,
                "no_readvertise_to_overlay": false,
                "other_vrfs": [],
                "routed": true,
                "source_nat": null,
                "static_nat": null,
                "summarized_subnet": null,
                "summarized_subnet_to_lan_bgp": null,
                "summarized_subnet_to_lan_ospf": null
              }
            }
          },
          "sensitive_attributes": [],
          "dependencies": [
            "mist_org.terraform_test"
          ]
        }
      ]
    },
    {
      "mode": "managed",
      "type": "mist_org_network",
      "name": "network_CTP1407_PC_Test224",
      "provider": "provider[\"registry.terraform.io/juniper/mist\"]",
      "instances": [
        {
          "schema_version": 0,
          "attributes": {
            "disallow_mist_services": false,
            "gateway": null,
            "gateway6": null,
            "id": "55a1e00d-d889-4e18-a53e-748429372e26",
            "internal_access": null,
            "internet_access": null,
            "isolation": true,
            "name": "CTP1407-PC-Test",
            "org_id": "15017582-6f6e-41d0-8241-a8b2062587ab",
            "routed_for_networks": null,
            "subnet": "10.183.46.71/32",
            "subnet6": null,
            "tenants": null,
            "vlan_id": "101",
            "vpn_access": null
          },
          "sensitive_attributes": [],
          "dependencies": [
            "mist_org.terraform_test"
          ]
        }
      ]
    },
    {
      "mode": "managed",
      "type": "mist_org_network",
      "name": "network_CTP_2180_2190_SERVER_199",
      "provider": "provider[\"registry.terraform.io/juniper/mist\"]",
      "instances": [
        {
          "schema_version": 0,
          "attributes": {
            "disallow_mist_services": true,
            "gateway": null,
            "gateway6": null,
            "id": "276ae4da-a14f-4f17-99bc-9ab77fd1dca8",
            "internal_access": null,
            "internet_access": null,
            "isolation": true,
            "name": "CTP_2180-2190_SERVER_FARM",
            "org_id": "15017582-6f6e-41d0-8241-a8b2062587ab",
            "routed_for_networks": null,
            "subnet": "42.0.0.0/8",
            "subnet6": null,
            "tenants": {
              "CTP_2180-2190_SERVER_FARM1": {
                "addresses": [
                  "42.120.0.0/16"
                ]
              },
              "CTP_2180-2190_SERVER_FARM2": {
                "addresses": [
                  "42.124.0.0/16"
                ]
              }
            },
            "vlan_id": "3797",
            "vpn_access": {
              "OrgOverlay": {
                "advertised_subnet": null,
                "allow_ping": null,
                "destination_nat": null,
                "nat_pool": null,
                "no_readvertise_to_lan_bgp": false,
                "no_readvertise_to_lan_ospf": false,
                "no_readvertise_to_overlay": null,
                "other_vrfs": [],
                "routed": true,
                "source_nat": null,
                "static_nat": null,
                "summarized_subnet": null,
                "summarized_subnet_to_lan_bgp": null,
                "summarized_subnet_to_lan_ospf": null
              }
            }
          },
          "sensitive_attributes": [],
          "dependencies": [
            "mist_org.terraform_test"
          ]
        }
      ]
    },
    {
      "mode": "managed",
      "type": "mist_org_network",
      "name": "network_CTP_BRAMPTON_SERVER_F185",
      "provider": "provider[\"registry.terraform.io/juniper/mist\"]",
      "instances": [
        {
          "schema_version": 0,
          "attributes": {
            "disallow_mist_services": true,
            "gateway": null,
            "gateway6": null,
            "id": "e77cb878-fce8-49aa-80c2-5598668fb74b",
            "internal_access": null,
            "internet_access": null,
            "isolation": true,
            "name": "CTP_BRAMPTON_SERVER_FARM",
            "org_id": "15017582-6f6e-41d0-8241-a8b2062587ab",
            "routed_for_networks": null,
            "subnet": "42.0.0.0/8",
            "subnet6": null,
            "tenants": {
              "CTP_BRAMPTON_SERVER_FARM1": {
                "addresses": [
                  "42.106.0.0/16"
                ]
              },
              "CTP_BRAMPTON_SERVER_FARM2": {
                "addresses": [
                  "42.108.0.0/16"
                ]
              }
            },
            "vlan_id": "3797",
            "vpn_access": {
              "OrgOverlay": {
                "advertised_subnet": null,
                "allow_ping": null,
                "destination_nat": null,
                "nat_pool": null,
                "no_readvertise_to_lan_bgp": false,
                "no_readvertise_to_lan_ospf": false,
                "no_readvertise_to_overlay": null,
                "other_vrfs": [],
                "routed": true,
                "source_nat": null,
                "static_nat": null,
                "summarized_subnet": null,
                "summarized_subnet_to_lan_bgp": null,
                "summarized_subnet_to_lan_ospf": null
              }
            }
          },
          "sensitive_attributes": [],
          "dependencies": [
            "mist_org.terraform_test"
          ]
        }
      ]
    },
    {
      "mode": "managed",
      "type": "mist_org_network",
      "name": "network_CTP_CORP_WIRED124",
      "provider": "provider[\"registry.terraform.io/juniper/mist\"]",
      "instances": [
        {
          "schema_version": 0,
          "attributes": {
            "disallow_mist_services": true,
            "gateway": null,
            "gateway6": null,
            "id": "dc71c361-2c42-4c16-8c4a-39e49fc73650",
            "internal_access": null,
            "internet_access": null,
            "isolation": true,
            "name": "CTP_CORP-WIRED",
            "org_id": "15017582-6f6e-41d0-8241-a8b2062587ab",
            "routed_for_networks": null,
            "subnet": "{{ctp_corp_wired}}/{{ctp_corp_wired_cidr}}",
            "subnet6": null,
            "tenants": null,
            "vlan_id": "101",
            "vpn_access": {
              "OrgOverlay": {
                "advertised_subnet": null,
                "allow_ping": null,
                "destination_nat": null,
                "nat_pool": null,
                "no_readvertise_to_lan_bgp": false,
                "no_readvertise_to_lan_ospf": false,
                "no_readvertise_to_overlay": null,
                "other_vrfs": [],
                "routed": true,
                "source_nat": null,
                "static_nat": null,
                "summarized_subnet": null,
                "summarized_subnet_to_lan_bgp": null,
                "summarized_subnet_to_lan_ospf": null
              }
            }
          },
          "sensitive_attributes": [],
          "dependencies": [
            "mist_org.terraform_test"
          ]
        }
      ]
    },
    {
      "mode": "managed",
      "type": "mist_org_network",
      "name": "network_CTP_CORP_WIRED_VL101193",
      "provider": "provider[\"registry.terraform.io/juniper/mist\"]",
      "instances": [
        {
          "schema_version": 0,
          "attributes": {
            "disallow_mist_services": true,
            "gateway": null,
            "gateway6": null,
            "id": "9027b01e-6c8a-4627-baf2-afdb79ed1483",
            "internal_access": null,
            "internet_access": null,
            "isolation": true,
            "name": "CTP_CORP-WIRED_VL101",
            "org_id": "15017582-6f6e-41d0-8241-a8b2062587ab",
            "routed_for_networks": null,
            "subnet": "{{ctp_corp_wired}}/{{ctp_corp_wired_cidr}}",
            "subnet6": null,
            "tenants": null,
            "vlan_id": "101",
            "vpn_access": {
              "OrgOverlay": {
                "advertised_subnet": null,
                "allow_ping": null,
                "destination_nat": null,
                "nat_pool": null,
                "no_readvertise_to_lan_bgp": false,
                "no_readvertise_to_lan_ospf": false,
                "no_readvertise_to_overlay": null,
                "other_vrfs": [],
                "routed": true,
                "source_nat": null,
                "static_nat": null,
                "summarized_subnet": null,
                "summarized_subnet_to_lan_bgp": null,
                "summarized_subnet_to_lan_ospf": null
              }
            }
          },
          "sensitive_attributes": [],
          "dependencies": [
            "mist_org.terraform_test"
          ]
        }
      ]
    },
    {
      "mode": "managed",
      "type": "mist_org_network",
      "name": "network_CTP_CORP_WIRELESS162",
      "provider": "provider[\"registry.terraform.io/juniper/mist\"]",
      "instances": [
        {
          "schema_version": 0,
          "attributes": {
            "disallow_mist_services": true,
            "gateway": null,
            "gateway6": null,
            "id": "d3b1ea82-181f-4ca4-bee6-f834dffa9956",
            "internal_access": null,
            "internet_access": null,
            "isolation": true,
            "name": "CTP_CORP-WIRELESS",
            "org_id": "15017582-6f6e-41d0-8241-a8b2062587ab",
            "routed_for_networks": null,
            "subnet": "{{ctp_corp_wireless}}/{{ctp_corp_wireless_cidr}}",
            "subnet6": null,
            "tenants": null,
            "vlan_id": "200",
            "vpn_access": {
              "OrgOverlay": {
                "advertised_subnet": null,
                "allow_ping": null,
                "destination_nat": null,
                "nat_pool": null,
                "no_readvertise_to_lan_bgp": false,
                "no_readvertise_to_lan_ospf": false,
                "no_readvertise_to_overlay": null,
                "other_vrfs": [],
                "routed": true,
                "source_nat": null,
                "static_nat": null,
                "summarized_subnet": null,
                "summarized_subnet_to_lan_bgp": null,
                "summarized_subnet_to_lan_ospf": null
              }
            }
          },
          "sensitive_attributes": [],
          "dependencies": [
            "mist_org.terraform_test"
          ]
        }
      ]
    },
    {
      "mode": "managed",
      "type": "mist_org_network",
      "name": "network_CTP_CORP_WIRELESS_VL2195",
      "provider": "provider[\"registry.terraform.io/juniper/mist\"]",
      "instances": [
        {
          "schema_version": 0,
          "attributes": {
            "disallow_mist_services": true,
            "gateway": null,
            "gateway6": null,
            "id": "41b43ebc-bcd8-4722-b91e-f2114436f2b9",
            "internal_access": null,
            "internet_access": null,
            "isolation": true,
            "name": "CTP_CORP-WIRELESS_VL200",
            "org_id": "15017582-6f6e-41d0-8241-a8b2062587ab",
            "routed_for_networks": null,
            "subnet": "{{ctp_corp_wireless}}/{{ctp_corp_wireless_cidr}}",
            "subnet6": null,
            "tenants": null,
            "vlan_id": "200",
            "vpn_access": {
              "OrgOverlay": {
                "advertised_subnet": null,
                "allow_ping": null,
                "destination_nat": null,
                "nat_pool": null,
                "no_readvertise_to_lan_bgp": false,
                "no_readvertise_to_lan_ospf": false,
                "no_readvertise_to_overlay": null,
                "other_vrfs": [],
                "routed": true,
                "source_nat": null,
                "static_nat": null,
                "summarized_subnet": null,
                "summarized_subnet_to_lan_bgp": null,
                "summarized_subnet_to_lan_ospf": null
              }
            }
          },
          "sensitive_attributes": [],
          "dependencies": [
            "mist_org.terraform_test"
          ]
        }
      ]
    },
    {
      "mode": "managed",
      "type": "mist_org_network",
      "name": "network_CTP_GWiFi172",
      "provider": "provider[\"registry.terraform.io/juniper/mist\"]",
      "instances": [
        {
          "schema_version": 0,
          "attributes": {
            "disallow_mist_services": true,
            "gateway": null,
            "gateway6": null,
            "id": "d6b5bc9a-7e09-48e8-bdc2-8f549b5417fe",
            "internal_access": null,
            "internet_access": null,
            "isolation": true,
            "name": "CTP_GWiFi",
            "org_id": "15017582-6f6e-41d0-8241-a8b2062587ab",
            "routed_for_networks": null,
            "subnet": "{{ctp_gwifi}}/{{ctp_gwifi_cidr}}",
            "subnet6": null,
            "tenants": null,
            "vlan_id": "202",
            "vpn_access": null
          },
          "sensitive_attributes": [],
          "dependencies": [
            "mist_org.terraform_test"
          ]
        }
      ]
    },
    {
      "mode": "managed",
      "type": "mist_org_network",
      "name": "network_CTP_GWiFi_VL202190",
      "provider": "provider[\"registry.terraform.io/juniper/mist\"]",
      "instances": [
        {
          "schema_version": 0,
          "attributes": {
            "disallow_mist_services": true,
            "gateway": null,
            "gateway6": null,
            "id": "4508fd2f-2fbe-4494-8466-a6d59f35053e",
            "internal_access": null,
            "internet_access": null,
            "isolation": true,
            "name": "CTP_GWiFi_VL202",
            "org_id": "15017582-6f6e-41d0-8241-a8b2062587ab",
            "routed_for_networks": null,
            "subnet": "{{ctp_gwifi}}/{{ctp_gwifi_cidr}}",
            "subnet6": null,
            "tenants": null,
            "vlan_id": "202",
            "vpn_access": null
          },
          "sensitive_attributes": [],
          "dependencies": [
            "mist_org.terraform_test"
          ]
        }
      ]
    },
    {
      "mode": "managed",
      "type": "mist_org_network",
      "name": "network_CTP_LTE_MGMT_VL888235",
      "provider": "provider[\"registry.terraform.io/juniper/mist\"]",
      "instances": [
        {
          "schema_version": 0,
          "attributes": {
            "disallow_mist_services": true,
            "gateway": null,
            "gateway6": null,
            "id": "61ac9756-f578-4353-9c1e-990bc40462b2",
            "internal_access": null,
            "internet_access": null,
            "isolation": true,
            "name": "CTP_LTE-MGMT_VL888",
            "org_id": "15017582-6f6e-41d0-8241-a8b2062587ab",
            "routed_for_networks": null,
            "subnet": "192.168.98.0/30",
            "subnet6": null,
            "tenants": null,
            "vlan_id": "888",
            "vpn_access": {
              "OrgOverlay": {
                "advertised_subnet": null,
                "allow_ping": null,
                "destination_nat": null,
                "nat_pool": "{{ctp_natted_ip}}/32",
                "no_readvertise_to_lan_bgp": false,
                "no_readvertise_to_lan_ospf": false,
                "no_readvertise_to_overlay": null,
                "other_vrfs": [],
                "routed": false,
                "source_nat": null,
                "static_nat": {
                  "{{ctp_natted_ip}}": {
                    "internal_ip": "192.168.98.2",
                    "name": "SMI-TO-LTE",
                    "wan_name": null
                  }
                },
                "summarized_subnet": null,
                "summarized_subnet_to_lan_bgp": null,
                "summarized_subnet_to_lan_ospf": null
              }
            }
          },
          "sensitive_attributes": [],
          "dependencies": [
            "mist_org.terraform_test"
          ]
        }
      ]
    },
    {
      "mode": "managed",
      "type": "mist_org_network",
      "name": "network_CTP_MGMT97",
      "provider": "provider[\"registry.terraform.io/juniper/mist\"]",
      "instances": [
        {
          "schema_version": 0,
          "attributes": {
            "disallow_mist_services": false,
            "gateway": null,
            "gateway6": null,
            "id": "ebab203c-e20b-465f-b5a4-2e87ca02fcff",
            "internal_access": null,
            "internet_access": null,
            "isolation": true,
            "name": "CTP_MGMT",
            "org_id": "15017582-6f6e-41d0-8241-a8b2062587ab",
            "routed_for_networks": null,
            "subnet": "{{ctp_default}}/{{ctp_default_cidr}}",
            "subnet6": null,
            "tenants": {
              "CTP_Lab_Mgmt": {
                "addresses": [
                  "10.186.119.0/26"
                ]
              }
            },
            "vlan_id": null,
            "vpn_access": {
              "OrgOverlay": {
                "advertised_subnet": null,
                "allow_ping": null,
                "destination_nat": null,
                "nat_pool": null,
                "no_readvertise_to_lan_bgp": false,
                "no_readvertise_to_lan_ospf": false,
                "no_readvertise_to_overlay": null,
                "other_vrfs": [],
                "routed": true,
                "source_nat": null,
                "static_nat": null,
                "summarized_subnet": null,
                "summarized_subnet_to_lan_bgp": null,
                "summarized_subnet_to_lan_ospf": null
              }
            }
          },
          "sensitive_attributes": [],
          "dependencies": [
            "mist_org.terraform_test"
          ]
        }
      ]
    },
    {
      "mode": "managed",
      "type": "mist_org_network",
      "name": "network_CTP_MGMT_VL1101",
      "provider": "provider[\"registry.terraform.io/juniper/mist\"]",
      "instances": [
        {
          "schema_version": 0,
          "attributes": {
            "disallow_mist_services": false,
            "gateway": null,
            "gateway6": null,
            "id": "02f7a620-756d-4300-ad6c-b433dda863ae",
            "internal_access": null,
            "internet_access": null,
            "isolation": true,
            "name": "CTP_MGMT_VL1",
            "org_id": "15017582-6f6e-41d0-8241-a8b2062587ab",
            "routed_for_networks": null,
            "subnet": "{{ctp_default}}/{{ctp_default_cidr}}",
            "subnet6": null,
            "tenants": null,
            "vlan_id": null,
            "vpn_access": {
              "OrgOverlay": {
                "advertised_subnet": null,
                "allow_ping": null,
                "destination_nat": null,
                "nat_pool": null,
                "no_readvertise_to_lan_bgp": false,
                "no_readvertise_to_lan_ospf": false,
                "no_readvertise_to_overlay": null,
                "other_vrfs": [],
                "routed": true,
                "source_nat": null,
                "static_nat": null,
                "summarized_subnet": null,
                "summarized_subnet_to_lan_bgp": null,
                "summarized_subnet_to_lan_ospf": null
              }
            }
          },
          "sensitive_attributes": [],
          "dependencies": [
            "mist_org.terraform_test"
          ]
        }
      ]
    },
    {
      "mode": "managed",
      "type": "mist_org_network",
      "name": "network_CTP_NEW_SSL_GW209",
      "provider": "provider[\"registry.terraform.io/juniper/mist\"]",
      "instances": [
        {
          "schema_version": 0,
          "attributes": {
            "disallow_mist_services": true,
            "gateway": null,
            "gateway6": null,
            "id": "e005b85b-97d7-45b6-a93a-59174b21779e",
            "internal_access": null,
            "internet_access": null,
            "isolation": true,
            "name": "CTP_NEW_SSL_GW",
            "org_id": "15017582-6f6e-41d0-8241-a8b2062587ab",
            "routed_for_networks": null,
            "subnet": "192.168.164.0/24",
            "subnet6": null,
            "tenants": null,
            "vlan_id": "3797",
            "vpn_access": {
              "OrgOverlay": {
                "advertised_subnet": null,
                "allow_ping": null,
                "destination_nat": null,
                "nat_pool": null,
                "no_readvertise_to_lan_bgp": false,
                "no_readvertise_to_lan_ospf": false,
                "no_readvertise_to_overlay": null,
                "other_vrfs": [],
                "routed": true,
                "source_nat": null,
                "static_nat": null,
                "summarized_subnet": null,
                "summarized_subnet_to_lan_bgp": null,
                "summarized_subnet_to_lan_ospf": null
              }
            }
          },
          "sensitive_attributes": [],
          "dependencies": [
            "mist_org.terraform_test"
          ]
        }
      ]
    },
    {
      "mode": "managed",
      "type": "mist_org_network",
      "name": "network_CTP_NON_CTC111",
      "provider": "provider[\"registry.terraform.io/juniper/mist\"]",
      "instances": [
        {
          "schema_version": 0,
          "attributes": {
            "disallow_mist_services": true,
            "gateway": null,
            "gateway6": null,
            "id": "274f3f63-0b51-44fb-8411-80302fa0ba9b",
            "internal_access": null,
            "internet_access": null,
            "isolation": true,
            "name": "CTP_NON-CTC",
            "org_id": "15017582-6f6e-41d0-8241-a8b2062587ab",
            "routed_for_networks": null,
            "subnet": "{{ctp_non_ctc}}/{{ctp_non_ctc_cidr}}",
            "subnet6": null,
            "tenants": null,
            "vlan_id": "700",
            "vpn_access": {
              "OrgOverlay": {
                "advertised_subnet": null,
                "allow_ping": null,
                "destination_nat": null,
                "nat_pool": null,
                "no_readvertise_to_lan_bgp": false,
                "no_readvertise_to_lan_ospf": false,
                "no_readvertise_to_overlay": null,
                "other_vrfs": [],
                "routed": true,
                "source_nat": null,
                "static_nat": null,
                "summarized_subnet": null,
                "summarized_subnet_to_lan_bgp": null,
                "summarized_subnet_to_lan_ospf": null
              }
            }
          },
          "sensitive_attributes": [],
          "dependencies": [
            "mist_org.terraform_test"
          ]
        }
      ]
    },
    {
      "mode": "managed",
      "type": "mist_org_network",
      "name": "network_CTP_NON_CTC_VL700197",
      "provider": "provider[\"registry.terraform.io/juniper/mist\"]",
      "instances": [
        {
          "schema_version": 0,
          "attributes": {
            "disallow_mist_services": true,
            "gateway": null,
            "gateway6": null,
            "id": "3517a885-e5cc-42e4-af42-2d82da3dde40",
            "internal_access": null,
            "internet_access": null,
            "isolation": true,
            "name": "CTP_NON-CTC_VL700",
            "org_id": "15017582-6f6e-41d0-8241-a8b2062587ab",
            "routed_for_networks": null,
            "subnet": "{{ctp_non_ctc}}/{{ctp_non_ctc_cidr}}",
            "subnet6": null,
            "tenants": null,
            "vlan_id": "700",
            "vpn_access": {
              "OrgOverlay": {
                "advertised_subnet": null,
                "allow_ping": null,
                "destination_nat": null,
                "nat_pool": null,
                "no_readvertise_to_lan_bgp": false,
                "no_readvertise_to_lan_ospf": false,
                "no_readvertise_to_overlay": null,
                "other_vrfs": [],
                "routed": true,
                "source_nat": null,
                "static_nat": null,
                "summarized_subnet": null,
                "summarized_subnet_to_lan_bgp": null,
                "summarized_subnet_to_lan_ospf": null
              }
            }
          },
          "sensitive_attributes": [],
          "dependencies": [
            "mist_org.terraform_test"
          ]
        }
      ]
    },
    {
      "mode": "managed",
      "type": "mist_org_network",
      "name": "network_CTP_POS106",
      "provider": "provider[\"registry.terraform.io/juniper/mist\"]",
      "instances": [
        {
          "schema_version": 0,
          "attributes": {
            "disallow_mist_services": true,
            "gateway": null,
            "gateway6": null,
            "id": "2b61991c-b56b-492d-a806-edc6fde59d9b",
            "internal_access": null,
            "internet_access": null,
            "isolation": true,
            "name": "CTP_POS",
            "org_id": "15017582-6f6e-41d0-8241-a8b2062587ab",
            "routed_for_networks": null,
            "subnet": "{{ctp_pos}}/{{ctp_pos_cidr}}",
            "subnet6": null,
            "tenants": null,
            "vlan_id": "100",
            "vpn_access": {
              "OrgOverlay": {
                "advertised_subnet": null,
                "allow_ping": null,
                "destination_nat": null,
                "nat_pool": null,
                "no_readvertise_to_lan_bgp": false,
                "no_readvertise_to_lan_ospf": false,
                "no_readvertise_to_overlay": null,
                "other_vrfs": [],
                "routed": true,
                "source_nat": null,
                "static_nat": null,
                "summarized_subnet": null,
                "summarized_subnet_to_lan_bgp": null,
                "summarized_subnet_to_lan_ospf": null
              }
            }
          },
          "sensitive_attributes": [],
          "dependencies": [
            "mist_org.terraform_test"
          ]
        }
      ]
    },
    {
      "mode": "managed",
      "type": "mist_org_network",
      "name": "network_CTP_POS_VL100165",
      "provider": "provider[\"registry.terraform.io/juniper/mist\"]",
      "instances": [
        {
          "schema_version": 0,
          "attributes": {
            "disallow_mist_services": true,
            "gateway": null,
            "gateway6": null,
            "id": "23191c06-f509-4d0c-90d9-ce6546e03969",
            "internal_access": null,
            "internet_access": null,
            "isolation": true,
            "name": "CTP_POS_VL100",
            "org_id": "15017582-6f6e-41d0-8241-a8b2062587ab",
            "routed_for_networks": null,
            "subnet": "{{ctp_pos}}/{{ctp_pos_cidr}}",
            "subnet6": null,
            "tenants": null,
            "vlan_id": "300",
            "vpn_access": {
              "OrgOverlay": {
                "advertised_subnet": null,
                "allow_ping": null,
                "destination_nat": null,
                "nat_pool": null,
                "no_readvertise_to_lan_bgp": false,
                "no_readvertise_to_lan_ospf": false,
                "no_readvertise_to_overlay": false,
                "other_vrfs": [],
                "routed": true,
                "source_nat": null,
                "static_nat": null,
                "summarized_subnet": null,
                "summarized_subnet_to_lan_bgp": null,
                "summarized_subnet_to_lan_ospf": null
              }
            }
          },
          "sensitive_attributes": [],
          "dependencies": [
            "mist_org.terraform_test"
          ]
        }
      ]
    },
    {
      "mode": "managed",
      "type": "mist_org_network",
      "name": "network_CTP_PUMP89",
      "provider": "provider[\"registry.terraform.io/juniper/mist\"]",
      "instances": [
        {
          "schema_version": 0,
          "attributes": {
            "disallow_mist_services": true,
            "gateway": null,
            "gateway6": null,
            "id": "dc1a8d33-9112-4cb9-9ef4-0f3b00ff3980",
            "internal_access": null,
            "internet_access": null,
            "isolation": true,
            "name": "CTP_PUMP",
            "org_id": "15017582-6f6e-41d0-8241-a8b2062587ab",
            "routed_for_networks": null,
            "subnet": "{{ctp_pump}}/{{ctp_pump_cidr}}",
            "subnet6": null,
            "tenants": null,
            "vlan_id": "41",
            "vpn_access": {
              "OrgOverlay": {
                "advertised_subnet": null,
                "allow_ping": null,
                "destination_nat": null,
                "nat_pool": null,
                "no_readvertise_to_lan_bgp": false,
                "no_readvertise_to_lan_ospf": false,
                "no_readvertise_to_overlay": null,
                "other_vrfs": [],
                "routed": true,
                "source_nat": null,
                "static_nat": null,
                "summarized_subnet": null,
                "summarized_subnet_to_lan_bgp": null,
                "summarized_subnet_to_lan_ospf": null
              }
            }
          },
          "sensitive_attributes": [],
          "dependencies": [
            "mist_org.terraform_test"
          ]
        }
      ]
    },
    {
      "mode": "managed",
      "type": "mist_org_network",
      "name": "network_CTP_PUMP_VL41183",
      "provider": "provider[\"registry.terraform.io/juniper/mist\"]",
      "instances": [
        {
          "schema_version": 0,
          "attributes": {
            "disallow_mist_services": true,
            "gateway": null,
            "gateway6": null,
            "id": "b04cef8b-0d7d-49aa-aa24-6753a388515c",
            "internal_access": null,
            "internet_access": null,
            "isolation": true,
            "name": "CTP_PUMP_VL41",
            "org_id": "15017582-6f6e-41d0-8241-a8b2062587ab",
            "routed_for_networks": null,
            "subnet": "{{ctp_pump}}/{{ctp_pump_cidr}}",
            "subnet6": null,
            "tenants": null,
            "vlan_id": "41",
            "vpn_access": {
              "OrgOverlay": {
                "advertised_subnet": null,
                "allow_ping": null,
                "destination_nat": null,
                "nat_pool": null,
                "no_readvertise_to_lan_bgp": false,
                "no_readvertise_to_lan_ospf": false,
                "no_readvertise_to_overlay": null,
                "other_vrfs": [],
                "routed": true,
                "source_nat": null,
                "static_nat": null,
                "summarized_subnet": null,
                "summarized_subnet_to_lan_bgp": null,
                "summarized_subnet_to_lan_ospf": null
              }
            }
          },
          "sensitive_attributes": [],
          "dependencies": [
            "mist_org.terraform_test"
          ]
        }
      ]
    },
    {
      "mode": "managed",
      "type": "mist_org_network",
      "name": "network_CTP_RPM_SERVERS_10221",
      "provider": "provider[\"registry.terraform.io/juniper/mist\"]",
      "instances": [
        {
          "schema_version": 0,
          "attributes": {
            "disallow_mist_services": true,
            "gateway": null,
            "gateway6": null,
            "id": "c77c9995-513c-4828-a7c9-5099885bb04c",
            "internal_access": null,
            "internet_access": null,
            "isolation": true,
            "name": "CTP_RPM_SERVERS_10",
            "org_id": "15017582-6f6e-41d0-8241-a8b2062587ab",
            "routed_for_networks": null,
            "subnet": "10.0.0.0/8",
            "subnet6": null,
            "tenants": {
              "CTP_RPM_SERVER5": {
                "addresses": [
                  "10.127.91.110/32"
                ]
              }
            },
            "vlan_id": "3797",
            "vpn_access": {
              "OrgOverlay": {
                "advertised_subnet": null,
                "allow_ping": null,
                "destination_nat": null,
                "nat_pool": null,
                "no_readvertise_to_lan_bgp": false,
                "no_readvertise_to_lan_ospf": false,
                "no_readvertise_to_overlay": null,
                "other_vrfs": [],
                "routed": true,
                "source_nat": null,
                "static_nat": null,
                "summarized_subnet": null,
                "summarized_subnet_to_lan_bgp": null,
                "summarized_subnet_to_lan_ospf": null
              }
            }
          },
          "sensitive_attributes": [],
          "dependencies": [
            "mist_org.terraform_test"
          ]
        }
      ]
    },
    {
      "mode": "managed",
      "type": "mist_org_network",
      "name": "network_CTP_RPM_SERVERS_42227",
      "provider": "provider[\"registry.terraform.io/juniper/mist\"]",
      "instances": [
        {
          "schema_version": 0,
          "attributes": {
            "disallow_mist_services": true,
            "gateway": null,
            "gateway6": null,
            "id": "94abd9ca-b470-4e21-a260-136cb39f81a3",
            "internal_access": null,
            "internet_access": null,
            "isolation": true,
            "name": "CTP_RPM_SERVERS_42",
            "org_id": "15017582-6f6e-41d0-8241-a8b2062587ab",
            "routed_for_networks": null,
            "subnet": "42.0.0.0/8",
            "subnet6": null,
            "tenants": {
              "CTP_RPM_SERVER1": {
                "addresses": [
                  "42.108.133.133/32"
                ]
              },
              "CTP_RPM_SERVER2": {
                "addresses": [
                  "42.108.134.17/32"
                ]
              },
              "CTP_RPM_SERVER3": {
                "addresses": [
                  "42.108.34.77/32"
                ]
              },
              "CTP_RPM_SERVER4": {
                "addresses": [
                  "42.108.46.126/32"
                ]
              }
            },
            "vlan_id": "3797",
            "vpn_access": {
              "OrgOverlay": {
                "advertised_subnet": null,
                "allow_ping": null,
                "destination_nat": null,
                "nat_pool": null,
                "no_readvertise_to_lan_bgp": false,
                "no_readvertise_to_lan_ospf": false,
                "no_readvertise_to_overlay": null,
                "other_vrfs": [],
                "routed": true,
                "source_nat": null,
                "static_nat": null,
                "summarized_subnet": null,
                "summarized_subnet_to_lan_bgp": null,
                "summarized_subnet_to_lan_ospf": null
              }
            }
          },
          "sensitive_attributes": [],
          "dependencies": [
            "mist_org.terraform_test"
          ]
        }
      ]
    },
    {
      "mode": "managed",
      "type": "mist_org_network",
      "name": "network_CTP_VAUGHN_OFFICE176",
      "provider": "provider[\"registry.terraform.io/juniper/mist\"]",
      "instances": [
        {
          "schema_version": 0,
          "attributes": {
            "disallow_mist_services": true,
            "gateway": null,
            "gateway6": null,
            "id": "967bdd2b-febd-4a8a-84b0-1f9928a6d046",
            "internal_access": null,
            "internet_access": null,
            "isolation": true,
            "name": "CTP_VAUGHN_OFFICE",
            "org_id": "15017582-6f6e-41d0-8241-a8b2062587ab",
            "routed_for_networks": null,
            "subnet": "42.0.0.0/8",
            "subnet6": null,
            "tenants": {
              "CTP_VAUGHN": {
                "addresses": [
                  "42.40.0.0/16"
                ]
              }
            },
            "vlan_id": "3797",
            "vpn_access": {
              "OrgOverlay": {
                "advertised_subnet": null,
                "allow_ping": null,
                "destination_nat": null,
                "nat_pool": null,
                "no_readvertise_to_lan_bgp": false,
                "no_readvertise_to_lan_ospf": false,
                "no_readvertise_to_overlay": null,
                "other_vrfs": [],
                "routed": true,
                "source_nat": null,
                "static_nat": null,
                "summarized_subnet": null,
                "summarized_subnet_to_lan_bgp": null,
                "summarized_subnet_to_lan_ospf": null
              }
            }
          },
          "sensitive_attributes": [],
          "dependencies": [
            "mist_org.terraform_test"
          ]
        }
      ]
    },
    {
      "mode": "managed",
      "type": "mist_org_network",
      "name": "network_CTP_WDC_Subnets214",
      "provider": "provider[\"registry.terraform.io/juniper/mist\"]",
      "instances": [
        {
          "schema_version": 0,
          "attributes": {
            "disallow_mist_services": true,
            "gateway": null,
            "gateway6": null,
            "id": "d12a9c31-9c0e-4e75-b082-055f47be7fea",
            "internal_access": null,
            "internet_access": null,
            "isolation": true,
            "name": "CTP_WDC_Subnets",
            "org_id": "15017582-6f6e-41d0-8241-a8b2062587ab",
            "routed_for_networks": null,
            "subnet": "10.0.0.0/8",
            "subnet6": null,
            "tenants": {
              "CTP_WDC_Subnet1": {
                "addresses": [
                  "10.2.55.0/24"
                ]
              },
              "CTP_WDC_Subnet2": {
                "addresses": [
                  "10.2.56.0/23"
                ]
              },
              "CTP_WDC_Subnet3": {
                "addresses": [
                  "10.2.0.0/16"
                ]
              },
              "CTP_WDC_Subnet4": {
                "addresses": [
                  "10.11.0.0/16"
                ]
              }
            },
            "vlan_id": "3797",
            "vpn_access": {
              "OrgOverlay": {
                "advertised_subnet": null,
                "allow_ping": null,
                "destination_nat": null,
                "nat_pool": null,
                "no_readvertise_to_lan_bgp": false,
                "no_readvertise_to_lan_ospf": false,
                "no_readvertise_to_overlay": null,
                "other_vrfs": [],
                "routed": true,
                "source_nat": null,
                "static_nat": null,
                "summarized_subnet": null,
                "summarized_subnet_to_lan_bgp": null,
                "summarized_subnet_to_lan_ospf": null
              }
            }
          },
          "sensitive_attributes": [],
          "dependencies": [
            "mist_org.terraform_test"
          ]
        }
      ]
    },
    {
      "mode": "managed",
      "type": "mist_org_network",
      "name": "network_CTP_WELAND202",
      "provider": "provider[\"registry.terraform.io/juniper/mist\"]",
      "instances": [
        {
          "schema_version": 0,
          "attributes": {
            "disallow_mist_services": true,
            "gateway": null,
            "gateway6": null,
            "id": "999823a3-ea99-4361-b720-4a7e94473203",
            "internal_access": null,
            "internet_access": null,
            "isolation": true,
            "name": "CTP_WELAND",
            "org_id": "15017582-6f6e-41d0-8241-a8b2062587ab",
            "routed_for_networks": null,
            "subnet": "172.21.0.0/16",
            "subnet6": null,
            "tenants": {
              "CTP_WELAND_PROD_POS": {
                "addresses": [
                  "172.21.0.80/28"
                ]
              },
              "CTP_WELAND_TEST_POS": {
                "addresses": [
                  "172.21.0.208/28"
                ]
              }
            },
            "vlan_id": "3797",
            "vpn_access": {
              "OrgOverlay": {
                "advertised_subnet": null,
                "allow_ping": null,
                "destination_nat": null,
                "nat_pool": null,
                "no_readvertise_to_lan_bgp": false,
                "no_readvertise_to_lan_ospf": false,
                "no_readvertise_to_overlay": null,
                "other_vrfs": [],
                "routed": true,
                "source_nat": null,
                "static_nat": null,
                "summarized_subnet": null,
                "summarized_subnet_to_lan_bgp": null,
                "summarized_subnet_to_lan_ospf": null
              }
            }
          },
          "sensitive_attributes": [],
          "dependencies": [
            "mist_org.terraform_test"
          ]
        }
      ]
    },
    {
      "mode": "managed",
      "type": "mist_org_network",
      "name": "network_CTR_0043_Subnets_10234",
      "provider": "provider[\"registry.terraform.io/juniper/mist\"]",
      "instances": [
        {
          "schema_version": 0,
          "attributes": {
            "disallow_mist_services": true,
            "gateway": null,
            "gateway6": null,
            "id": "33df36f0-6491-4805-84ef-44f52567bf70",
            "internal_access": null,
            "internet_access": null,
            "isolation": true,
            "name": "CTR_0043_Subnets_10",
            "org_id": "15017582-6f6e-41d0-8241-a8b2062587ab",
            "routed_for_networks": null,
            "subnet": "10.0.0.0/8",
            "subnet6": null,
            "tenants": {
              "CTR_0043_VLAN-2-3-4-21": {
                "addresses": [
                  "10.208.168.0/22"
                ]
              },
              "CTR_0043_VLAN-31-32": {
                "addresses": [
                  "10.232.84.0/23"
                ]
              },
              "CTR_0043_VLAN-5": {
                "addresses": [
                  "10.224.42.0/24"
                ]
              },
              "CTR_0043_VLAN-6-61-63": {
                "addresses": [
                  "10.128.168.0/22"
                ]
              }
            },
            "vlan_id": "3797",
            "vpn_access": {
              "OrgOverlay": {
                "advertised_subnet": null,
                "allow_ping": null,
                "destination_nat": null,
                "nat_pool": null,
                "no_readvertise_to_lan_bgp": false,
                "no_readvertise_to_lan_ospf": false,
                "no_readvertise_to_overlay": null,
                "other_vrfs": [],
                "routed": true,
                "source_nat": null,
                "static_nat": null,
                "summarized_subnet": null,
                "summarized_subnet_to_lan_bgp": null,
                "summarized_subnet_to_lan_ospf": null
              }
            }
          },
          "sensitive_attributes": [],
          "dependencies": [
            "mist_org.terraform_test"
          ]
        }
      ]
    },
    {
      "mode": "managed",
      "type": "mist_org_network",
      "name": "network_CTR_0424_Subnets_10231",
      "provider": "provider[\"registry.terraform.io/juniper/mist\"]",
      "instances": [
        {
          "schema_version": 0,
          "attributes": {
            "disallow_mist_services": true,
            "gateway": null,
            "gateway6": null,
            "id": "b818a726-9796-4780-83d0-249d461784f4",
            "internal_access": null,
            "internet_access": null,
            "isolation": true,
            "name": "CTR_0424_Subnets_10",
            "org_id": "15017582-6f6e-41d0-8241-a8b2062587ab",
            "routed_for_networks": null,
            "subnet": "10.0.0.0/8",
            "subnet6": null,
            "tenants": {
              "CTR_0424_VLAN-2-3-4-21": {
                "addresses": [
                  "10.214.156.0/22"
                ]
              },
              "CTR_0424_VLAN-31-32": {
                "addresses": [
                  "10.235.78.0/23"
                ]
              },
              "CTR_0424_VLAN-5": {
                "addresses": [
                  "10.225.167.0/24"
                ]
              },
              "CTR_0424_VLAN-6-61-63": {
                "addresses": [
                  "10.134.156.0/22"
                ]
              }
            },
            "vlan_id": "3797",
            "vpn_access": {
              "OrgOverlay": {
                "advertised_subnet": null,
                "allow_ping": null,
                "destination_nat": null,
                "nat_pool": null,
                "no_readvertise_to_lan_bgp": false,
                "no_readvertise_to_lan_ospf": false,
                "no_readvertise_to_overlay": null,
                "other_vrfs": [],
                "routed": true,
                "source_nat": null,
                "static_nat": null,
                "summarized_subnet": null,
                "summarized_subnet_to_lan_bgp": null,
                "summarized_subnet_to_lan_ospf": null
              }
            }
          },
          "sensitive_attributes": [],
          "dependencies": [
            "mist_org.terraform_test"
          ]
        }
      ]
    },
    {
      "mode": "managed",
      "type": "mist_org_network",
      "name": "network_CTR_0424_Subnets_42228",
      "provider": "provider[\"registry.terraform.io/juniper/mist\"]",
      "instances": [
        {
          "schema_version": 0,
          "attributes": {
            "disallow_mist_services": true,
            "gateway": null,
            "gateway6": null,
            "id": "b75013a8-3eaa-4c2d-aff1-f2ed2824521c",
            "internal_access": null,
            "internet_access": null,
            "isolation": true,
            "name": "CTR_0424_Subnets_42",
            "org_id": "15017582-6f6e-41d0-8241-a8b2062587ab",
            "routed_for_networks": null,
            "subnet": "42.0.0.0/8",
            "subnet6": null,
            "tenants": {
              "CTR_0424_VLAN-2": {
                "addresses": [
                  "42.63.85.0/24"
                ]
              },
              "CTR_0424_VLAN-6": {
                "addresses": [
                  "42.243.78.0/24"
                ]
              }
            },
            "vlan_id": "3797",
            "vpn_access": {
              "OrgOverlay": {
                "advertised_subnet": null,
                "allow_ping": null,
                "destination_nat": null,
                "nat_pool": null,
                "no_readvertise_to_lan_bgp": false,
                "no_readvertise_to_lan_ospf": false,
                "no_readvertise_to_overlay": null,
                "other_vrfs": [],
                "routed": true,
                "source_nat": null,
                "static_nat": null,
                "summarized_subnet": null,
                "summarized_subnet_to_lan_bgp": null,
                "summarized_subnet_to_lan_ospf": null
              }
            }
          },
          "sensitive_attributes": [],
          "dependencies": [
            "mist_org.terraform_test"
          ]
        }
      ]
    },
    {
      "mode": "managed",
      "type": "mist_org_network",
      "name": "network_CTR_3P_DIGITAL46",
      "provider": "provider[\"registry.terraform.io/juniper/mist\"]",
      "instances": [
        {
          "schema_version": 0,
          "attributes": {
            "disallow_mist_services": true,
            "gateway": null,
            "gateway6": null,
            "id": "55827dad-49b7-4337-8035-b2e350a7a3fa",
            "internal_access": null,
            "internet_access": null,
            "isolation": true,
            "name": "CTR_3P-DIGITAL",
            "org_id": "15017582-6f6e-41d0-8241-a8b2062587ab",
            "routed_for_networks": null,
            "subnet": "{{ctr_3p_digital}}/{{ctr_3p_digital_cidr}}",
            "subnet6": null,
            "tenants": null,
            "vlan_id": "7",
            "vpn_access": {
              "OrgOverlay": {
                "advertised_subnet": null,
                "allow_ping": null,
                "destination_nat": null,
                "nat_pool": null,
                "no_readvertise_to_lan_bgp": false,
                "no_readvertise_to_lan_ospf": false,
                "no_readvertise_to_overlay": null,
                "other_vrfs": [],
                "routed": true,
                "source_nat": null,
                "static_nat": null,
                "summarized_subnet": null,
                "summarized_subnet_to_lan_bgp": null,
                "summarized_subnet_to_lan_ospf": null
              }
            }
          },
          "sensitive_attributes": [],
          "dependencies": [
            "mist_org.terraform_test"
          ]
        }
      ]
    },
    {
      "mode": "managed",
      "type": "mist_org_network",
      "name": "network_CTR_3P_DIGITAL_VL7191",
      "provider": "provider[\"registry.terraform.io/juniper/mist\"]",
      "instances": [
        {
          "schema_version": 0,
          "attributes": {
            "disallow_mist_services": true,
            "gateway": null,
            "gateway6": null,
            "id": "0796dafb-8a6e-4a07-9fd2-a613532b8bf2",
            "internal_access": null,
            "internet_access": null,
            "isolation": true,
            "name": "CTR_3P-DIGITAL_VL7",
            "org_id": "15017582-6f6e-41d0-8241-a8b2062587ab",
            "routed_for_networks": null,
            "subnet": "{{ctr_3p_digital}}/{{ctr_3p_digital_cidr}}",
            "subnet6": null,
            "tenants": null,
            "vlan_id": "7",
            "vpn_access": {
              "OrgOverlay": {
                "advertised_subnet": null,
                "allow_ping": null,
                "destination_nat": null,
                "nat_pool": null,
                "no_readvertise_to_lan_bgp": false,
                "no_readvertise_to_lan_ospf": false,
                "no_readvertise_to_overlay": null,
                "other_vrfs": [],
                "routed": true,
                "source_nat": null,
                "static_nat": null,
                "summarized_subnet": null,
                "summarized_subnet_to_lan_bgp": null,
                "summarized_subnet_to_lan_ospf": null
              }
            }
          },
          "sensitive_attributes": [],
          "dependencies": [
            "mist_org.terraform_test"
          ]
        }
      ]
    },
    {
      "mode": "managed",
      "type": "mist_org_network",
      "name": "network_CTR_AD_SERVERS_10229",
      "provider": "provider[\"registry.terraform.io/juniper/mist\"]",
      "instances": [
        {
          "schema_version": 0,
          "attributes": {
            "disallow_mist_services": true,
            "gateway": null,
            "gateway6": null,
            "id": "958eef85-6c6c-4920-a3ea-d6a90b5f0856",
            "internal_access": null,
            "internet_access": null,
            "isolation": true,
            "name": "CTR_AD_SERVERS_10",
            "org_id": "15017582-6f6e-41d0-8241-a8b2062587ab",
            "routed_for_networks": null,
            "subnet": "10.0.0.0/8",
            "subnet6": null,
            "tenants": {
              "CTR_AD_SERVER1": {
                "addresses": [
                  "10.125.120.0/23"
                ]
              },
              "CTR_AD_SERVER3": {
                "addresses": [
                  "10.2.55.0/24"
                ]
              },
              "CTR_AD_SERVER4": {
                "addresses": [
                  "10.2.56.0/23"
                ]
              }
            },
            "vlan_id": "3797",
            "vpn_access": {
              "OrgOverlay": {
                "advertised_subnet": null,
                "allow_ping": null,
                "destination_nat": null,
                "nat_pool": null,
                "no_readvertise_to_lan_bgp": false,
                "no_readvertise_to_lan_ospf": false,
                "no_readvertise_to_overlay": null,
                "other_vrfs": [],
                "routed": true,
                "source_nat": null,
                "static_nat": null,
                "summarized_subnet": null,
                "summarized_subnet_to_lan_bgp": null,
                "summarized_subnet_to_lan_ospf": null
              }
            }
          },
          "sensitive_attributes": [],
          "dependencies": [
            "mist_org.terraform_test"
          ]
        }
      ]
    },
    {
      "mode": "managed",
      "type": "mist_org_network",
      "name": "network_CTR_CORP_CAMPUS_10237",
      "provider": "provider[\"registry.terraform.io/juniper/mist\"]",
      "instances": [
        {
          "schema_version": 0,
          "attributes": {
            "disallow_mist_services": true,
            "gateway": null,
            "gateway6": null,
            "id": "c26b85c2-6a48-440c-ab15-ecd02959b8cd",
            "internal_access": null,
            "internet_access": null,
            "isolation": true,
            "name": "CTR_CORP_CAMPUS_10",
            "org_id": "15017582-6f6e-41d0-8241-a8b2062587ab",
            "routed_for_networks": null,
            "subnet": "10.0.0.0/8",
            "subnet6": null,
            "tenants": {
              "CTR_CORP_CAMPUS1": {
                "addresses": [
                  "10.112.0.0/12"
                ]
              },
              "CTR_CORP_CAMPUS9": {
                "addresses": [
                  "10.16.0.0/14"
                ]
              }
            },
            "vlan_id": "3797",
            "vpn_access": {
              "OrgOverlay": {
                "advertised_subnet": null,
                "allow_ping": null,
                "destination_nat": null,
                "nat_pool": null,
                "no_readvertise_to_lan_bgp": false,
                "no_readvertise_to_lan_ospf": false,
                "no_readvertise_to_overlay": null,
                "other_vrfs": [],
                "routed": true,
                "source_nat": null,
                "static_nat": null,
                "summarized_subnet": null,
                "summarized_subnet_to_lan_bgp": null,
                "summarized_subnet_to_lan_ospf": null
              }
            }
          },
          "sensitive_attributes": [],
          "dependencies": [
            "mist_org.terraform_test"
          ]
        }
      ]
    },
    {
      "mode": "managed",
      "type": "mist_org_network",
      "name": "network_CTR_CORP_WIRED70",
      "provider": "provider[\"registry.terraform.io/juniper/mist\"]",
      "instances": [
        {
          "schema_version": 0,
          "attributes": {
            "disallow_mist_services": true,
            "gateway": null,
            "gateway6": null,
            "id": "da66e9d0-3f46-4c77-9efa-142a3a8dee19",
            "internal_access": null,
            "internet_access": null,
            "isolation": true,
            "name": "CTR_CORP-WIRED",
            "org_id": "15017582-6f6e-41d0-8241-a8b2062587ab",
            "routed_for_networks": null,
            "subnet": "{{ctr_corp_wired}}/{{ctr_corp_wired_cidr}}",
            "subnet6": null,
            "tenants": null,
            "vlan_id": "2",
            "vpn_access": {
              "OrgOverlay": {
                "advertised_subnet": null,
                "allow_ping": null,
                "destination_nat": null,
                "nat_pool": null,
                "no_readvertise_to_lan_bgp": false,
                "no_readvertise_to_lan_ospf": false,
                "no_readvertise_to_overlay": null,
                "other_vrfs": [],
                "routed": true,
                "source_nat": null,
                "static_nat": null,
                "summarized_subnet": null,
                "summarized_subnet_to_lan_bgp": null,
                "summarized_subnet_to_lan_ospf": null
              }
            }
          },
          "sensitive_attributes": [],
          "dependencies": [
            "mist_org.terraform_test"
          ]
        }
      ]
    },
    {
      "mode": "managed",
      "type": "mist_org_network",
      "name": "network_CTR_CORP_WIRED_VL2168",
      "provider": "provider[\"registry.terraform.io/juniper/mist\"]",
      "instances": [
        {
          "schema_version": 0,
          "attributes": {
            "disallow_mist_services": true,
            "gateway": null,
            "gateway6": null,
            "id": "3d974b2d-fab6-4cc6-a758-f632097ab455",
            "internal_access": null,
            "internet_access": null,
            "isolation": true,
            "name": "CTR_CORP-WIRED_VL2",
            "org_id": "15017582-6f6e-41d0-8241-a8b2062587ab",
            "routed_for_networks": null,
            "subnet": "{{ctr_corp_wired}}/{{ctr_corp_wired_cidr}}",
            "subnet6": null,
            "tenants": null,
            "vlan_id": "2",
            "vpn_access": {
              "OrgOverlay": {
                "advertised_subnet": null,
                "allow_ping": null,
                "destination_nat": null,
                "nat_pool": null,
                "no_readvertise_to_lan_bgp": false,
                "no_readvertise_to_lan_ospf": false,
                "no_readvertise_to_overlay": null,
                "other_vrfs": [],
                "routed": true,
                "source_nat": null,
                "static_nat": null,
                "summarized_subnet": null,
                "summarized_subnet_to_lan_bgp": null,
                "summarized_subnet_to_lan_ospf": null
              }
            }
          },
          "sensitive_attributes": [],
          "dependencies": [
            "mist_org.terraform_test"
          ]
        }
      ]
    },
    {
      "mode": "managed",
      "type": "mist_org_network",
      "name": "network_CTR_D_VOIP188",
      "provider": "provider[\"registry.terraform.io/juniper/mist\"]",
      "instances": [
        {
          "schema_version": 0,
          "attributes": {
            "disallow_mist_services": true,
            "gateway": null,
            "gateway6": null,
            "id": "95f499a0-dfeb-45a5-86b5-4b1306a0a06b",
            "internal_access": null,
            "internet_access": null,
            "isolation": true,
            "name": "CTR_D-VOIP",
            "org_id": "15017582-6f6e-41d0-8241-a8b2062587ab",
            "routed_for_networks": null,
            "subnet": "{{ctr_d_voip}}/{{ctr_d_voip_cidr}}",
            "subnet6": null,
            "tenants": null,
            "vlan_id": "63",
            "vpn_access": {
              "OrgOverlay": {
                "advertised_subnet": null,
                "allow_ping": null,
                "destination_nat": null,
                "nat_pool": null,
                "no_readvertise_to_lan_bgp": false,
                "no_readvertise_to_lan_ospf": false,
                "no_readvertise_to_overlay": null,
                "other_vrfs": [],
                "routed": true,
                "source_nat": null,
                "static_nat": null,
                "summarized_subnet": null,
                "summarized_subnet_to_lan_bgp": null,
                "summarized_subnet_to_lan_ospf": null
              }
            }
          },
          "sensitive_attributes": [],
          "dependencies": [
            "mist_org.terraform_test"
          ]
        }
      ]
    },
    {
      "mode": "managed",
      "type": "mist_org_network",
      "name": "network_CTR_D_WIRED54",
      "provider": "provider[\"registry.terraform.io/juniper/mist\"]",
      "instances": [
        {
          "schema_version": 0,
          "attributes": {
            "disallow_mist_services": true,
            "gateway": null,
            "gateway6": null,
            "id": "c19599fb-1634-4cdc-8858-0c4096a200a4",
            "internal_access": null,
            "internet_access": null,
            "isolation": true,
            "name": "CTR_D-WIRED",
            "org_id": "15017582-6f6e-41d0-8241-a8b2062587ab",
            "routed_for_networks": null,
            "subnet": "{{ctr_d_wired}}/{{ctr_d_wired_cidr}}",
            "subnet6": null,
            "tenants": null,
            "vlan_id": "6",
            "vpn_access": {
              "OrgOverlay": {
                "advertised_subnet": null,
                "allow_ping": null,
                "destination_nat": null,
                "nat_pool": null,
                "no_readvertise_to_lan_bgp": false,
                "no_readvertise_to_lan_ospf": false,
                "no_readvertise_to_overlay": null,
                "other_vrfs": [],
                "routed": true,
                "source_nat": null,
                "static_nat": null,
                "summarized_subnet": null,
                "summarized_subnet_to_lan_bgp": null,
                "summarized_subnet_to_lan_ospf": null
              }
            }
          },
          "sensitive_attributes": [],
          "dependencies": [
            "mist_org.terraform_test"
          ]
        }
      ]
    },
    {
      "mode": "managed",
      "type": "mist_org_network",
      "name": "network_CTR_D_WIRELESS194",
      "provider": "provider[\"registry.terraform.io/juniper/mist\"]",
      "instances": [
        {
          "schema_version": 0,
          "attributes": {
            "disallow_mist_services": true,
            "gateway": null,
            "gateway6": null,
            "id": "b82269a6-d694-4018-915e-4a357aad98db",
            "internal_access": null,
            "internet_access": null,
            "isolation": true,
            "name": "CTR_D-WIRELESS",
            "org_id": "15017582-6f6e-41d0-8241-a8b2062587ab",
            "routed_for_networks": null,
            "subnet": "{{ctr_d_wireless}}/{{ctr_d_wireless_cidr}}",
            "subnet6": null,
            "tenants": null,
            "vlan_id": "61",
            "vpn_access": {
              "OrgOverlay": {
                "advertised_subnet": null,
                "allow_ping": null,
                "destination_nat": null,
                "nat_pool": null,
                "no_readvertise_to_lan_bgp": false,
                "no_readvertise_to_lan_ospf": false,
                "no_readvertise_to_overlay": null,
                "other_vrfs": [],
                "routed": true,
                "source_nat": null,
                "static_nat": null,
                "summarized_subnet": null,
                "summarized_subnet_to_lan_bgp": null,
                "summarized_subnet_to_lan_ospf": null
              }
            }
          },
          "sensitive_attributes": [],
          "dependencies": [
            "mist_org.terraform_test"
          ]
        }
      ]
    },
    {
      "mode": "managed",
      "type": "mist_org_network",
      "name": "network_CTR_EFD_VOIP15",
      "provider": "provider[\"registry.terraform.io/juniper/mist\"]",
      "instances": [
        {
          "schema_version": 0,
          "attributes": {
            "disallow_mist_services": true,
            "gateway": null,
            "gateway6": null,
            "id": "7a49eb69-eb57-47ec-b7ff-34403903b6e8",
            "internal_access": null,
            "internet_access": null,
            "isolation": true,
            "name": "CTR_EFD-VOIP",
            "org_id": "15017582-6f6e-41d0-8241-a8b2062587ab",
            "routed_for_networks": null,
            "subnet": "{{ctr_efd_voip}}/{{ctr_efd_voip_cidr}}",
            "subnet6": null,
            "tenants": null,
            "vlan_id": "31",
            "vpn_access": {
              "OrgOverlay": {
                "advertised_subnet": null,
                "allow_ping": null,
                "destination_nat": null,
                "nat_pool": null,
                "no_readvertise_to_lan_bgp": false,
                "no_readvertise_to_lan_ospf": false,
                "no_readvertise_to_overlay": null,
                "other_vrfs": [],
                "routed": true,
                "source_nat": null,
                "static_nat": null,
                "summarized_subnet": null,
                "summarized_subnet_to_lan_bgp": null,
                "summarized_subnet_to_lan_ospf": null
              }
            }
          },
          "sensitive_attributes": [],
          "dependencies": [
            "mist_org.terraform_test"
          ]
        }
      ]
    },
    {
      "mode": "managed",
      "type": "mist_org_network",
      "name": "network_CTR_EFD_VOIP_VL3122",
      "provider": "provider[\"registry.terraform.io/juniper/mist\"]",
      "instances": [
        {
          "schema_version": 0,
          "attributes": {
            "disallow_mist_services": true,
            "gateway": null,
            "gateway6": null,
            "id": "614848df-bfcd-4a32-9265-c3732d88ab17",
            "internal_access": null,
            "internet_access": null,
            "isolation": true,
            "name": "CTR_EFD-VOIP_VL31",
            "org_id": "15017582-6f6e-41d0-8241-a8b2062587ab",
            "routed_for_networks": null,
            "subnet": "{{ctr_efd_voip}}/{{ctr_efd_voip_cidr}}",
            "subnet6": null,
            "tenants": null,
            "vlan_id": "31",
            "vpn_access": {
              "OrgOverlay": {
                "advertised_subnet": null,
                "allow_ping": null,
                "destination_nat": null,
                "nat_pool": null,
                "no_readvertise_to_lan_bgp": false,
                "no_readvertise_to_lan_ospf": false,
                "no_readvertise_to_overlay": null,
                "other_vrfs": [],
                "routed": true,
                "source_nat": null,
                "static_nat": null,
                "summarized_subnet": null,
                "summarized_subnet_to_lan_bgp": null,
                "summarized_subnet_to_lan_ospf": null
              }
            }
          },
          "sensitive_attributes": [],
          "dependencies": [
            "mist_org.terraform_test"
          ]
        }
      ]
    },
    {
      "mode": "managed",
      "type": "mist_org_network",
      "name": "network_CTR_ESL72",
      "provider": "provider[\"registry.terraform.io/juniper/mist\"]",
      "instances": [
        {
          "schema_version": 0,
          "attributes": {
            "disallow_mist_services": true,
            "gateway": null,
            "gateway6": null,
            "id": "f9a7876d-19bd-4555-b524-69fcab4d31b4",
            "internal_access": null,
            "internet_access": null,
            "isolation": true,
            "name": "CTR_ESL",
            "org_id": "15017582-6f6e-41d0-8241-a8b2062587ab",
            "routed_for_networks": null,
            "subnet": "{{ctr_esl}}/{{ctr_esl_cidr}}",
            "subnet6": null,
            "tenants": null,
            "vlan_id": "52",
            "vpn_access": {
              "OrgOverlay": {
                "advertised_subnet": null,
                "allow_ping": null,
                "destination_nat": null,
                "nat_pool": null,
                "no_readvertise_to_lan_bgp": false,
                "no_readvertise_to_lan_ospf": false,
                "no_readvertise_to_overlay": null,
                "other_vrfs": [],
                "routed": true,
                "source_nat": null,
                "static_nat": null,
                "summarized_subnet": null,
                "summarized_subnet_to_lan_bgp": null,
                "summarized_subnet_to_lan_ospf": null
              }
            }
          },
          "sensitive_attributes": [],
          "dependencies": [
            "mist_org.terraform_test"
          ]
        }
      ]
    },
    {
      "mode": "managed",
      "type": "mist_org_network",
      "name": "network_CTR_ESL_VL52133",
      "provider": "provider[\"registry.terraform.io/juniper/mist\"]",
      "instances": [
        {
          "schema_version": 0,
          "attributes": {
            "disallow_mist_services": true,
            "gateway": null,
            "gateway6": null,
            "id": "89efc8cb-1c1d-4569-9e17-6794e5e48450",
            "internal_access": null,
            "internet_access": null,
            "isolation": true,
            "name": "CTR_ESL_VL52",
            "org_id": "15017582-6f6e-41d0-8241-a8b2062587ab",
            "routed_for_networks": null,
            "subnet": "{{ctr_esl}}/{{ctr_esl_cidr}}",
            "subnet6": null,
            "tenants": null,
            "vlan_id": "52",
            "vpn_access": {
              "OrgOverlay": {
                "advertised_subnet": null,
                "allow_ping": null,
                "destination_nat": null,
                "nat_pool": null,
                "no_readvertise_to_lan_bgp": false,
                "no_readvertise_to_lan_ospf": false,
                "no_readvertise_to_overlay": null,
                "other_vrfs": [],
                "routed": true,
                "source_nat": null,
                "static_nat": null,
                "summarized_subnet": null,
                "summarized_subnet_to_lan_bgp": null,
                "summarized_subnet_to_lan_ospf": null
              }
            }
          },
          "sensitive_attributes": [],
          "dependencies": [
            "mist_org.terraform_test"
          ]
        }
      ]
    },
    {
      "mode": "managed",
      "type": "mist_org_network",
      "name": "network_CTR_FRONTIER38",
      "provider": "provider[\"registry.terraform.io/juniper/mist\"]",
      "instances": [
        {
          "schema_version": 0,
          "attributes": {
            "disallow_mist_services": true,
            "gateway": null,
            "gateway6": null,
            "id": "c7e8c90a-adb7-404a-88f5-5d0d97eb3208",
            "internal_access": null,
            "internet_access": null,
            "isolation": true,
            "name": "CTR_FRONTIER",
            "org_id": "15017582-6f6e-41d0-8241-a8b2062587ab",
            "routed_for_networks": null,
            "subnet": "{{ctr_frontier}}/{{ctr_frontier_cidr}}",
            "subnet6": null,
            "tenants": null,
            "vlan_id": "51",
            "vpn_access": {
              "OrgOverlay": {
                "advertised_subnet": null,
                "allow_ping": null,
                "destination_nat": null,
                "nat_pool": null,
                "no_readvertise_to_lan_bgp": false,
                "no_readvertise_to_lan_ospf": false,
                "no_readvertise_to_overlay": null,
                "other_vrfs": [],
                "routed": true,
                "source_nat": null,
                "static_nat": null,
                "summarized_subnet": null,
                "summarized_subnet_to_lan_bgp": null,
                "summarized_subnet_to_lan_ospf": null
              }
            }
          },
          "sensitive_attributes": [],
          "dependencies": [
            "mist_org.terraform_test"
          ]
        }
      ]
    },
    {
      "mode": "managed",
      "type": "mist_org_network",
      "name": "network_CTR_FRONTIER_VL5190",
      "provider": "provider[\"registry.terraform.io/juniper/mist\"]",
      "instances": [
        {
          "schema_version": 0,
          "attributes": {
            "disallow_mist_services": true,
            "gateway": null,
            "gateway6": null,
            "id": "39bfdc32-6660-47a7-8a6d-cdc7b0b720de",
            "internal_access": null,
            "internet_access": null,
            "isolation": true,
            "name": "CTR_FRONTIER_VL51",
            "org_id": "15017582-6f6e-41d0-8241-a8b2062587ab",
            "routed_for_networks": null,
            "subnet": "{{ctr_frontier}}/{{ctr_frontier_cidr}}",
            "subnet6": null,
            "tenants": null,
            "vlan_id": "51",
            "vpn_access": {
              "OrgOverlay": {
                "advertised_subnet": null,
                "allow_ping": null,
                "destination_nat": null,
                "nat_pool": null,
                "no_readvertise_to_lan_bgp": false,
                "no_readvertise_to_lan_ospf": false,
                "no_readvertise_to_overlay": null,
                "other_vrfs": [],
                "routed": true,
                "source_nat": null,
                "static_nat": null,
                "summarized_subnet": null,
                "summarized_subnet_to_lan_bgp": null,
                "summarized_subnet_to_lan_ospf": null
              }
            }
          },
          "sensitive_attributes": [],
          "dependencies": [
            "mist_org.terraform_test"
          ]
        }
      ]
    },
    {
      "mode": "managed",
      "type": "mist_org_network",
      "name": "network_CTR_GWiFi26",
      "provider": "provider[\"registry.terraform.io/juniper/mist\"]",
      "instances": [
        {
          "schema_version": 0,
          "attributes": {
            "disallow_mist_services": true,
            "gateway": null,
            "gateway6": null,
            "id": "4c89f642-9885-4182-b2ca-9e1711a1b428",
            "internal_access": null,
            "internet_access": null,
            "isolation": true,
            "name": "CTR_GWiFi",
            "org_id": "15017582-6f6e-41d0-8241-a8b2062587ab",
            "routed_for_networks": null,
            "subnet": "{{ctr_gwifi}}/{{ctr_gwifi_cidr}}",
            "subnet6": null,
            "tenants": null,
            "vlan_id": "202",
            "vpn_access": null
          },
          "sensitive_attributes": [],
          "dependencies": [
            "mist_org.terraform_test"
          ]
        }
      ]
    },
    {
      "mode": "managed",
      "type": "mist_org_network",
      "name": "network_CTR_GWiFi_VL202158",
      "provider": "provider[\"registry.terraform.io/juniper/mist\"]",
      "instances": [
        {
          "schema_version": 0,
          "attributes": {
            "disallow_mist_services": true,
            "gateway": null,
            "gateway6": null,
            "id": "28753d08-40ac-47e4-bbe6-f0071258ba3d",
            "internal_access": null,
            "internet_access": null,
            "isolation": true,
            "name": "CTR_GWiFi_VL202",
            "org_id": "15017582-6f6e-41d0-8241-a8b2062587ab",
            "routed_for_networks": null,
            "subnet": "{{ctr_gwifi}}/{{ctr_gwifi_cidr}}",
            "subnet6": null,
            "tenants": null,
            "vlan_id": "202",
            "vpn_access": null
          },
          "sensitive_attributes": [],
          "dependencies": [
            "mist_org.terraform_test"
          ]
        }
      ]
    },
    {
      "mode": "managed",
      "type": "mist_org_network",
      "name": "network_CTR_LTE_MGMT_VL888222",
      "provider": "provider[\"registry.terraform.io/juniper/mist\"]",
      "instances": [
        {
          "schema_version": 0,
          "attributes": {
            "disallow_mist_services": true,
            "gateway": null,
            "gateway6": null,
            "id": "32927378-c61c-4028-b4a8-4b86aabdbac9",
            "internal_access": null,
            "internet_access": null,
            "isolation": true,
            "name": "CTR_LTE-MGMT_VL888",
            "org_id": "15017582-6f6e-41d0-8241-a8b2062587ab",
            "routed_for_networks": null,
            "subnet": "192.168.98.0/30",
            "subnet6": null,
            "tenants": null,
            "vlan_id": "888",
            "vpn_access": {
              "OrgOverlay": {
                "advertised_subnet": null,
                "allow_ping": null,
                "destination_nat": null,
                "nat_pool": "{{ctr_natted_ip}}/32",
                "no_readvertise_to_lan_bgp": false,
                "no_readvertise_to_lan_ospf": false,
                "no_readvertise_to_overlay": null,
                "other_vrfs": [],
                "routed": false,
                "source_nat": null,
                "static_nat": {
                  "{{ctr_natted_ip}}": {
                    "internal_ip": "192.168.98.2",
                    "name": "SMI-TO-LTE",
                    "wan_name": null
                  }
                },
                "summarized_subnet": null,
                "summarized_subnet_to_lan_bgp": null,
                "summarized_subnet_to_lan_ospf": null
              }
            }
          },
          "sensitive_attributes": [],
          "dependencies": [
            "mist_org.terraform_test"
          ]
        }
      ]
    },
    {
      "mode": "managed",
      "type": "mist_org_network",
      "name": "network_CTR_MCAFEE_SERVERS_109",
      "provider": "provider[\"registry.terraform.io/juniper/mist\"]",
      "instances": [
        {
          "schema_version": 0,
          "attributes": {
            "disallow_mist_services": true,
            "gateway": null,
            "gateway6": null,
            "id": "fb6b3b8e-1c24-46cd-aca7-4f21b1aa3658",
            "internal_access": null,
            "internet_access": null,
            "isolation": true,
            "name": "CTR_MCAFEE_SERVERS_10",
            "org_id": "15017582-6f6e-41d0-8241-a8b2062587ab",
            "routed_for_networks": null,
            "subnet": "10.0.0.0/8",
            "subnet6": null,
            "tenants": {
              "CTR_MCAFEE_SERVER1": {
                "addresses": [
                  "10.126.57.98/32"
                ]
              },
              "CTR_MCAFEE_SERVER2": {
                "addresses": [
                  "10.126.57.100/32"
                ]
              },
              "CTR_MCAFEE_SERVER3": {
                "addresses": [
                  "10.126.57.101/32"
                ]
              },
              "CTR_MCAFEE_SERVER4": {
                "addresses": [
                  "10.126.57.122/32"
                ]
              },
              "CTR_MCAFEE_SERVER5": {
                "addresses": [
                  "10.126.57.123/32"
                ]
              },
              "CTR_MCAFEE_SERVER6": {
                "addresses": [
                  "10.2.38.0/23"
                ]
              }
            },
            "vlan_id": "3797",
            "vpn_access": {
              "OrgOverlay": {
                "advertised_subnet": null,
                "allow_ping": null,
                "destination_nat": null,
                "nat_pool": null,
                "no_readvertise_to_lan_bgp": false,
                "no_readvertise_to_lan_ospf": false,
                "no_readvertise_to_overlay": null,
                "other_vrfs": [],
                "routed": true,
                "source_nat": null,
                "static_nat": null,
                "summarized_subnet": null,
                "summarized_subnet_to_lan_bgp": null,
                "summarized_subnet_to_lan_ospf": null
              }
            }
          },
          "sensitive_attributes": [],
          "dependencies": [
            "mist_org.terraform_test"
          ]
        }
      ]
    },
    {
      "mode": "managed",
      "type": "mist_org_network",
      "name": "network_CTR_MCAFEE_SERVERS_17186",
      "provider": "provider[\"registry.terraform.io/juniper/mist\"]",
      "instances": [
        {
          "schema_version": 0,
          "attributes": {
            "disallow_mist_services": true,
            "gateway": null,
            "gateway6": null,
            "id": "4e4d5985-6d3b-4e8b-825d-19424c58bc9f",
            "internal_access": null,
            "internet_access": null,
            "isolation": true,
            "name": "CTR_MCAFEE_SERVERS_172",
            "org_id": "15017582-6f6e-41d0-8241-a8b2062587ab",
            "routed_for_networks": null,
            "subnet": "172.16.0.0/12",
            "subnet6": null,
            "tenants": {
              "CTR_MCAFEE_SERVER8": {
                "addresses": [
                  "172.21.131.43/32"
                ]
              }
            },
            "vlan_id": "3797",
            "vpn_access": {
              "OrgOverlay": {
                "advertised_subnet": null,
                "allow_ping": null,
                "destination_nat": null,
                "nat_pool": null,
                "no_readvertise_to_lan_bgp": false,
                "no_readvertise_to_lan_ospf": false,
                "no_readvertise_to_overlay": null,
                "other_vrfs": [],
                "routed": true,
                "source_nat": null,
                "static_nat": null,
                "summarized_subnet": null,
                "summarized_subnet_to_lan_bgp": null,
                "summarized_subnet_to_lan_ospf": null
              }
            }
          },
          "sensitive_attributes": [],
          "dependencies": [
            "mist_org.terraform_test"
          ]
        }
      ]
    },
    {
      "mode": "managed",
      "type": "mist_org_network",
      "name": "network_CTR_MCAFEE_SERVERS_4249",
      "provider": "provider[\"registry.terraform.io/juniper/mist\"]",
      "instances": [
        {
          "schema_version": 0,
          "attributes": {
            "disallow_mist_services": true,
            "gateway": null,
            "gateway6": null,
            "id": "c264d9e8-853b-4119-8b48-caab743e2494",
            "internal_access": null,
            "internet_access": null,
            "isolation": true,
            "name": "CTR_MCAFEE_SERVERS_42",
            "org_id": "15017582-6f6e-41d0-8241-a8b2062587ab",
            "routed_for_networks": null,
            "subnet": "42.0.0.0/8",
            "subnet6": null,
            "tenants": {
              "CTR_MCAFEE_SERVER7": {
                "addresses": [
                  "42.108.33.88/32"
                ]
              }
            },
            "vlan_id": "3797",
            "vpn_access": {
              "OrgOverlay": {
                "advertised_subnet": null,
                "allow_ping": null,
                "destination_nat": null,
                "nat_pool": null,
                "no_readvertise_to_lan_bgp": false,
                "no_readvertise_to_lan_ospf": false,
                "no_readvertise_to_overlay": null,
                "other_vrfs": [],
                "routed": true,
                "source_nat": null,
                "static_nat": null,
                "summarized_subnet": null,
                "summarized_subnet_to_lan_bgp": null,
                "summarized_subnet_to_lan_ospf": null
              }
            }
          },
          "sensitive_attributes": [],
          "dependencies": [
            "mist_org.terraform_test"
          ]
        }
      ]
    },
    {
      "mode": "managed",
      "type": "mist_org_network",
      "name": "network_CTR_MGMT78",
      "provider": "provider[\"registry.terraform.io/juniper/mist\"]",
      "instances": [
        {
          "schema_version": 0,
          "attributes": {
            "disallow_mist_services": false,
            "gateway": null,
            "gateway6": null,
            "id": "62bda543-c721-4c7c-a7e4-e7d0c40a0d5c",
            "internal_access": null,
            "internet_access": null,
            "isolation": true,
            "name": "CTR_MGMT",
            "org_id": "15017582-6f6e-41d0-8241-a8b2062587ab",
            "routed_for_networks": null,
            "subnet": "{{ctr_default}}/{{ctr_default_cidr}}",
            "subnet6": null,
            "tenants": {
              "CTR_Lab_Mgmt": {
                "addresses": [
                  "10.167.230.128/25"
                ]
              }
            },
            "vlan_id": null,
            "vpn_access": {
              "OrgOverlay": {
                "advertised_subnet": null,
                "allow_ping": null,
                "destination_nat": null,
                "nat_pool": null,
                "no_readvertise_to_lan_bgp": false,
                "no_readvertise_to_lan_ospf": false,
                "no_readvertise_to_overlay": null,
                "other_vrfs": [],
                "routed": true,
                "source_nat": null,
                "static_nat": null,
                "summarized_subnet": null,
                "summarized_subnet_to_lan_bgp": null,
                "summarized_subnet_to_lan_ospf": null
              }
            }
          },
          "sensitive_attributes": [],
          "dependencies": [
            "mist_org.terraform_test"
          ]
        }
      ]
    },
    {
      "mode": "managed",
      "type": "mist_org_network",
      "name": "network_CTR_MGMT_VL1174",
      "provider": "provider[\"registry.terraform.io/juniper/mist\"]",
      "instances": [
        {
          "schema_version": 0,
          "attributes": {
            "disallow_mist_services": false,
            "gateway": null,
            "gateway6": null,
            "id": "285ebcaa-3372-4397-a7ce-bb0788e8e016",
            "internal_access": null,
            "internet_access": null,
            "isolation": true,
            "name": "CTR_MGMT_VL1",
            "org_id": "15017582-6f6e-41d0-8241-a8b2062587ab",
            "routed_for_networks": null,
            "subnet": "{{ctr_default}}/{{ctr_default_cidr}}",
            "subnet6": null,
            "tenants": null,
            "vlan_id": null,
            "vpn_access": {
              "OrgOverlay": {
                "advertised_subnet": null,
                "allow_ping": null,
                "destination_nat": null,
                "nat_pool": null,
                "no_readvertise_to_lan_bgp": false,
                "no_readvertise_to_lan_ospf": false,
                "no_readvertise_to_overlay": null,
                "other_vrfs": [],
                "routed": true,
                "source_nat": null,
                "static_nat": null,
                "summarized_subnet": null,
                "summarized_subnet_to_lan_bgp": null,
                "summarized_subnet_to_lan_ospf": null
              }
            }
          },
          "sensitive_attributes": [],
          "dependencies": [
            "mist_org.terraform_test"
          ]
        }
      ]
    },
    {
      "mode": "managed",
      "type": "mist_org_network",
      "name": "network_CTR_M_PRINT25",
      "provider": "provider[\"registry.terraform.io/juniper/mist\"]",
      "instances": [
        {
          "schema_version": 0,
          "attributes": {
            "disallow_mist_services": true,
            "gateway": null,
            "gateway6": null,
            "id": "492c30fd-fcbc-4f01-a4aa-beead0ae00b7",
            "internal_access": null,
            "internet_access": null,
            "isolation": true,
            "name": "CTR_M-PRINT",
            "org_id": "15017582-6f6e-41d0-8241-a8b2062587ab",
            "routed_for_networks": null,
            "subnet": "{{ctr_m_print}}/{{ctr_m_print_cidr}}",
            "subnet6": null,
            "tenants": null,
            "vlan_id": "32",
            "vpn_access": {
              "OrgOverlay": {
                "advertised_subnet": null,
                "allow_ping": null,
                "destination_nat": null,
                "nat_pool": null,
                "no_readvertise_to_lan_bgp": false,
                "no_readvertise_to_lan_ospf": false,
                "no_readvertise_to_overlay": null,
                "other_vrfs": [],
                "routed": true,
                "source_nat": null,
                "static_nat": null,
                "summarized_subnet": null,
                "summarized_subnet_to_lan_bgp": null,
                "summarized_subnet_to_lan_ospf": null
              }
            }
          },
          "sensitive_attributes": [],
          "dependencies": [
            "mist_org.terraform_test"
          ]
        }
      ]
    },
    {
      "mode": "managed",
      "type": "mist_org_network",
      "name": "network_CTR_M_PRINT_VL32107",
      "provider": "provider[\"registry.terraform.io/juniper/mist\"]",
      "instances": [
        {
          "schema_version": 0,
          "attributes": {
            "disallow_mist_services": true,
            "gateway": null,
            "gateway6": null,
            "id": "8d82c2e5-92fa-435a-8204-7552d4e60350",
            "internal_access": null,
            "internet_access": null,
            "isolation": true,
            "name": "CTR_M-PRINT_VL32",
            "org_id": "15017582-6f6e-41d0-8241-a8b2062587ab",
            "routed_for_networks": null,
            "subnet": "{{ctr_m_print}}/{{ctr_m_print_cidr}}",
            "subnet6": null,
            "tenants": null,
            "vlan_id": "32",
            "vpn_access": {
              "OrgOverlay": {
                "advertised_subnet": null,
                "allow_ping": null,
                "destination_nat": null,
                "nat_pool": null,
                "no_readvertise_to_lan_bgp": false,
                "no_readvertise_to_lan_ospf": false,
                "no_readvertise_to_overlay": null,
                "other_vrfs": [],
                "routed": true,
                "source_nat": null,
                "static_nat": null,
                "summarized_subnet": null,
                "summarized_subnet_to_lan_bgp": null,
                "summarized_subnet_to_lan_ospf": null
              }
            }
          },
          "sensitive_attributes": [],
          "dependencies": [
            "mist_org.terraform_test"
          ]
        }
      ]
    },
    {
      "mode": "managed",
      "type": "mist_org_network",
      "name": "network_CTR_POS76",
      "provider": "provider[\"registry.terraform.io/juniper/mist\"]",
      "instances": [
        {
          "schema_version": 0,
          "attributes": {
            "disallow_mist_services": true,
            "gateway": null,
            "gateway6": null,
            "id": "290f4a3f-1691-48e8-b34d-f110296fbc10",
            "internal_access": null,
            "internet_access": null,
            "isolation": true,
            "name": "CTR_POS",
            "org_id": "15017582-6f6e-41d0-8241-a8b2062587ab",
            "routed_for_networks": null,
            "subnet": "{{ctr_pos}}/{{ctr_pos_cidr}}",
            "subnet6": null,
            "tenants": null,
            "vlan_id": "4",
            "vpn_access": {
              "OrgOverlay": {
                "advertised_subnet": null,
                "allow_ping": null,
                "destination_nat": null,
                "nat_pool": null,
                "no_readvertise_to_lan_bgp": false,
                "no_readvertise_to_lan_ospf": false,
                "no_readvertise_to_overlay": null,
                "other_vrfs": [],
                "routed": true,
                "source_nat": null,
                "static_nat": null,
                "summarized_subnet": null,
                "summarized_subnet_to_lan_bgp": null,
                "summarized_subnet_to_lan_ospf": null
              }
            }
          },
          "sensitive_attributes": [],
          "dependencies": [
            "mist_org.terraform_test"
          ]
        }
      ]
    },
    {
      "mode": "managed",
      "type": "mist_org_network",
      "name": "network_CTR_POS_VL4113",
      "provider": "provider[\"registry.terraform.io/juniper/mist\"]",
      "instances": [
        {
          "schema_version": 0,
          "attributes": {
            "disallow_mist_services": true,
            "gateway": null,
            "gateway6": null,
            "id": "c21ad253-c003-4df2-84ef-73c39b37c505",
            "internal_access": null,
            "internet_access": null,
            "isolation": true,
            "name": "CTR_POS_VL4",
            "org_id": "15017582-6f6e-41d0-8241-a8b2062587ab",
            "routed_for_networks": null,
            "subnet": "{{ctr_pos}}/{{ctr_pos_cidr}}",
            "subnet6": null,
            "tenants": null,
            "vlan_id": "4",
            "vpn_access": {
              "OrgOverlay": {
                "advertised_subnet": null,
                "allow_ping": null,
                "destination_nat": null,
                "nat_pool": null,
                "no_readvertise_to_lan_bgp": false,
                "no_readvertise_to_lan_ospf": false,
                "no_readvertise_to_overlay": null,
                "other_vrfs": [],
                "routed": true,
                "source_nat": null,
                "static_nat": null,
                "summarized_subnet": null,
                "summarized_subnet_to_lan_bgp": null,
                "summarized_subnet_to_lan_ospf": null
              }
            }
          },
          "sensitive_attributes": [],
          "dependencies": [
            "mist_org.terraform_test"
          ]
        }
      ]
    },
    {
      "mode": "managed",
      "type": "mist_org_network",
      "name": "network_CTR_RF_GUNS16",
      "provider": "provider[\"registry.terraform.io/juniper/mist\"]",
      "instances": [
        {
          "schema_version": 0,
          "attributes": {
            "disallow_mist_services": true,
            "gateway": null,
            "gateway6": null,
            "id": "48439ace-c18a-46a2-be2f-420e710e5f61",
            "internal_access": null,
            "internet_access": null,
            "isolation": true,
            "name": "CTR_RF-GUNS",
            "org_id": "15017582-6f6e-41d0-8241-a8b2062587ab",
            "routed_for_networks": null,
            "subnet": "{{ctr_rf_guns}}/{{ctr_rf_guns_cidr}}",
            "subnet6": null,
            "tenants": null,
            "vlan_id": "3",
            "vpn_access": {
              "OrgOverlay": {
                "advertised_subnet": null,
                "allow_ping": null,
                "destination_nat": null,
                "nat_pool": null,
                "no_readvertise_to_lan_bgp": false,
                "no_readvertise_to_lan_ospf": false,
                "no_readvertise_to_overlay": null,
                "other_vrfs": [],
                "routed": true,
                "source_nat": null,
                "static_nat": null,
                "summarized_subnet": null,
                "summarized_subnet_to_lan_bgp": null,
                "summarized_subnet_to_lan_ospf": null
              }
            }
          },
          "sensitive_attributes": [],
          "dependencies": [
            "mist_org.terraform_test"
          ]
        }
      ]
    },
    {
      "mode": "managed",
      "type": "mist_org_network",
      "name": "network_CTR_RF_GUNS_VL399",
      "provider": "provider[\"registry.terraform.io/juniper/mist\"]",
      "instances": [
        {
          "schema_version": 0,
          "attributes": {
            "disallow_mist_services": true,
            "gateway": null,
            "gateway6": null,
            "id": "4b6167c2-23ec-41a6-b40c-d1c1d95e611f",
            "internal_access": null,
            "internet_access": null,
            "isolation": true,
            "name": "CTR_RF-GUNS_VL3",
            "org_id": "15017582-6f6e-41d0-8241-a8b2062587ab",
            "routed_for_networks": null,
            "subnet": "{{ctr_rf_guns}}/{{ctr_rf_guns_cidr}}",
            "subnet6": null,
            "tenants": null,
            "vlan_id": "3",
            "vpn_access": {
              "OrgOverlay": {
                "advertised_subnet": null,
                "allow_ping": null,
                "destination_nat": null,
                "nat_pool": null,
                "no_readvertise_to_lan_bgp": false,
                "no_readvertise_to_lan_ospf": false,
                "no_readvertise_to_overlay": null,
                "other_vrfs": [],
                "routed": true,
                "source_nat": null,
                "static_nat": null,
                "summarized_subnet": null,
                "summarized_subnet_to_lan_bgp": null,
                "summarized_subnet_to_lan_ospf": null
              }
            }
          },
          "sensitive_attributes": [],
          "dependencies": [
            "mist_org.terraform_test"
          ]
        }
      ]
    },
    {
      "mode": "managed",
      "type": "mist_org_network",
      "name": "network_CTR_SCCM_BOPC_SERVERS171",
      "provider": "provider[\"registry.terraform.io/juniper/mist\"]",
      "instances": [
        {
          "schema_version": 0,
          "attributes": {
            "disallow_mist_services": true,
            "gateway": null,
            "gateway6": null,
            "id": "ffec5c03-79d8-4bf3-9d3f-89423d068f19",
            "internal_access": null,
            "internet_access": null,
            "isolation": true,
            "name": "CTR_SCCM_BOPC_SERVERS_42",
            "org_id": "15017582-6f6e-41d0-8241-a8b2062587ab",
            "routed_for_networks": null,
            "subnet": "42.0.0.0/8",
            "subnet6": null,
            "tenants": {
              "CTR_SCCM_BOPC_SERVER14": {
                "addresses": [
                  "42.201.3.40/32"
                ]
              },
              "CTR_SCCM_BOPC_SERVER15": {
                "addresses": [
                  "42.16.0.42/32"
                ]
              }
            },
            "vlan_id": "3797",
            "vpn_access": {
              "OrgOverlay": {
                "advertised_subnet": null,
                "allow_ping": null,
                "destination_nat": null,
                "nat_pool": null,
                "no_readvertise_to_lan_bgp": false,
                "no_readvertise_to_lan_ospf": false,
                "no_readvertise_to_overlay": null,
                "other_vrfs": [],
                "routed": true,
                "source_nat": null,
                "static_nat": null,
                "summarized_subnet": null,
                "summarized_subnet_to_lan_bgp": null,
                "summarized_subnet_to_lan_ospf": null
              }
            }
          },
          "sensitive_attributes": [],
          "dependencies": [
            "mist_org.terraform_test"
          ]
        }
      ]
    },
    {
      "mode": "managed",
      "type": "mist_org_network",
      "name": "network_CTR_SCCM_BOPC_SERVERS201",
      "provider": "provider[\"registry.terraform.io/juniper/mist\"]",
      "instances": [
        {
          "schema_version": 0,
          "attributes": {
            "disallow_mist_services": true,
            "gateway": null,
            "gateway6": null,
            "id": "5c2772e9-4e80-4b3e-9747-9561ef73589f",
            "internal_access": null,
            "internet_access": null,
            "isolation": true,
            "name": "CTR_SCCM_BOPC_SERVERS_10",
            "org_id": "15017582-6f6e-41d0-8241-a8b2062587ab",
            "routed_for_networks": null,
            "subnet": "10.0.0.0/8",
            "subnet6": null,
            "tenants": {
              "CTR_SCCM_BOPC_SERVER1": {
                "addresses": [
                  "10.127.20.44/32"
                ]
              },
              "CTR_SCCM_BOPC_SERVER10": {
                "addresses": [
                  "10.127.91.218/32"
                ]
              },
              "CTR_SCCM_BOPC_SERVER11": {
                "addresses": [
                  "10.127.91.219/32"
                ]
              },
              "CTR_SCCM_BOPC_SERVER12": {
                "addresses": [
                  "10.127.91.220/32"
                ]
              },
              "CTR_SCCM_BOPC_SERVER13": {
                "addresses": [
                  "10.120.56.44/32"
                ]
              },
              "CTR_SCCM_BOPC_SERVER2": {
                "addresses": [
                  "10.127.20.217/32"
                ]
              },
              "CTR_SCCM_BOPC_SERVER3": {
                "addresses": [
                  "10.127.20.218/32"
                ]
              },
              "CTR_SCCM_BOPC_SERVER4": {
                "addresses": [
                  "10.127.20.219/32"
                ]
              },
              "CTR_SCCM_BOPC_SERVER5": {
                "addresses": [
                  "10.127.20.204/32"
                ]
              },
              "CTR_SCCM_BOPC_SERVER6": {
                "addresses": [
                  "10.106.66.44/32"
                ]
              },
              "CTR_SCCM_BOPC_SERVER7": {
                "addresses": [
                  "10.127.21.43/32"
                ]
              },
              "CTR_SCCM_BOPC_SERVER8": {
                "addresses": [
                  "10.127.91.190/32"
                ]
              },
              "CTR_SCCM_BOPC_SERVER9": {
                "addresses": [
                  "10.127.91.217/32"
                ]
              }
            },
            "vlan_id": "3797",
            "vpn_access": {
              "OrgOverlay": {
                "advertised_subnet": null,
                "allow_ping": null,
                "destination_nat": null,
                "nat_pool": null,
                "no_readvertise_to_lan_bgp": false,
                "no_readvertise_to_lan_ospf": false,
                "no_readvertise_to_overlay": null,
                "other_vrfs": [],
                "routed": true,
                "source_nat": null,
                "static_nat": null,
                "summarized_subnet": null,
                "summarized_subnet_to_lan_bgp": null,
                "summarized_subnet_to_lan_ospf": null
              }
            }
          },
          "sensitive_attributes": [],
          "dependencies": [
            "mist_org.terraform_test"
          ]
        }
      ]
    },
    {
      "mode": "managed",
      "type": "mist_org_network",
      "name": "network_CTR_SDM_SERVERS_10129",
      "provider": "provider[\"registry.terraform.io/juniper/mist\"]",
      "instances": [
        {
          "schema_version": 0,
          "attributes": {
            "disallow_mist_services": true,
            "gateway": null,
            "gateway6": null,
            "id": "bb340368-d0da-4584-9302-5c4838dbbc82",
            "internal_access": null,
            "internet_access": null,
            "isolation": true,
            "name": "CTR_SDM_SERVERS_10",
            "org_id": "15017582-6f6e-41d0-8241-a8b2062587ab",
            "routed_for_networks": null,
            "subnet": "10.0.0.0/8",
            "subnet6": null,
            "tenants": {
              "CTR_SDM_SERVER1": {
                "addresses": [
                  "10.127.20.204/32"
                ]
              },
              "CTR_SDM_SERVER2": {
                "addresses": [
                  "10.127.20.44/32"
                ]
              },
              "CTR_SDM_SERVER3": {
                "addresses": [
                  "10.127.20.219/32"
                ]
              },
              "CTR_SDM_SERVER4": {
                "addresses": [
                  "10.120.56.44/32"
                ]
              },
              "CTR_SDM_SERVER5": {
                "addresses": [
                  "10.127.91.217/32"
                ]
              },
              "CTR_SDM_SERVER6": {
                "addresses": [
                  "10.127.91.190/32"
                ]
              }
            },
            "vlan_id": "3797",
            "vpn_access": {
              "OrgOverlay": {
                "advertised_subnet": null,
                "allow_ping": null,
                "destination_nat": null,
                "nat_pool": null,
                "no_readvertise_to_lan_bgp": false,
                "no_readvertise_to_lan_ospf": false,
                "no_readvertise_to_overlay": null,
                "other_vrfs": [],
                "routed": true,
                "source_nat": null,
                "static_nat": null,
                "summarized_subnet": null,
                "summarized_subnet_to_lan_bgp": null,
                "summarized_subnet_to_lan_ospf": null
              }
            }
          },
          "sensitive_attributes": [],
          "dependencies": [
            "mist_org.terraform_test"
          ]
        }
      ]
    },
    {
      "mode": "managed",
      "type": "mist_org_network",
      "name": "network_CTR_SQUID55",
      "provider": "provider[\"registry.terraform.io/juniper/mist\"]",
      "instances": [
        {
          "schema_version": 0,
          "attributes": {
            "disallow_mist_services": true,
            "gateway": null,
            "gateway6": null,
            "id": "5b318b16-4481-4350-a112-3c5c18bfbe25",
            "internal_access": null,
            "internet_access": null,
            "isolation": true,
            "name": "CTR_SQUID",
            "org_id": "15017582-6f6e-41d0-8241-a8b2062587ab",
            "routed_for_networks": null,
            "subnet": "{{ctr_squid}}/{{ctr_squid_cidr}}",
            "subnet6": null,
            "tenants": null,
            "vlan_id": "53",
            "vpn_access": {
              "OrgOverlay": {
                "advertised_subnet": null,
                "allow_ping": null,
                "destination_nat": null,
                "nat_pool": null,
                "no_readvertise_to_lan_bgp": false,
                "no_readvertise_to_lan_ospf": false,
                "no_readvertise_to_overlay": null,
                "other_vrfs": [],
                "routed": true,
                "source_nat": null,
                "static_nat": null,
                "summarized_subnet": null,
                "summarized_subnet_to_lan_bgp": null,
                "summarized_subnet_to_lan_ospf": null
              }
            }
          },
          "sensitive_attributes": [],
          "dependencies": [
            "mist_org.terraform_test"
          ]
        }
      ]
    },
    {
      "mode": "managed",
      "type": "mist_org_network",
      "name": "network_CTR_SQUID_VL53125",
      "provider": "provider[\"registry.terraform.io/juniper/mist\"]",
      "instances": [
        {
          "schema_version": 0,
          "attributes": {
            "disallow_mist_services": true,
            "gateway": null,
            "gateway6": null,
            "id": "939423a0-6d2e-4ae7-a3f2-2eac29448ff9",
            "internal_access": null,
            "internet_access": null,
            "isolation": true,
            "name": "CTR_SQUID_VL53",
            "org_id": "15017582-6f6e-41d0-8241-a8b2062587ab",
            "routed_for_networks": null,
            "subnet": "{{ctr_squid}}/{{ctr_squid_cidr}}",
            "subnet6": null,
            "tenants": null,
            "vlan_id": "53",
            "vpn_access": {
              "OrgOverlay": {
                "advertised_subnet": null,
                "allow_ping": null,
                "destination_nat": null,
                "nat_pool": null,
                "no_readvertise_to_lan_bgp": false,
                "no_readvertise_to_lan_ospf": false,
                "no_readvertise_to_overlay": null,
                "other_vrfs": [],
                "routed": true,
                "source_nat": null,
                "static_nat": null,
                "summarized_subnet": null,
                "summarized_subnet_to_lan_bgp": null,
                "summarized_subnet_to_lan_ospf": null
              }
            }
          },
          "sensitive_attributes": [],
          "dependencies": [
            "mist_org.terraform_test"
          ]
        }
      ]
    },
    {
      "mode": "managed",
      "type": "mist_org_network",
      "name": "network_CTR_SRV_MGMT69",
      "provider": "provider[\"registry.terraform.io/juniper/mist\"]",
      "instances": [
        {
          "schema_version": 0,
          "attributes": {
            "disallow_mist_services": true,
            "gateway": null,
            "gateway6": null,
            "id": "65b1243b-0225-4e38-ba33-b1bb6e9aa3bf",
            "internal_access": null,
            "internet_access": null,
            "isolation": true,
            "name": "CTR_SRV-MGMT",
            "org_id": "15017582-6f6e-41d0-8241-a8b2062587ab",
            "routed_for_networks": null,
            "subnet": "{{ctr_srv_mgmt}}/{{ctr_srv_mgmt_cidr}}",
            "subnet6": null,
            "tenants": null,
            "vlan_id": "5",
            "vpn_access": {
              "OrgOverlay": {
                "advertised_subnet": null,
                "allow_ping": null,
                "destination_nat": null,
                "nat_pool": null,
                "no_readvertise_to_lan_bgp": false,
                "no_readvertise_to_lan_ospf": false,
                "no_readvertise_to_overlay": null,
                "other_vrfs": [],
                "routed": true,
                "source_nat": null,
                "static_nat": null,
                "summarized_subnet": null,
                "summarized_subnet_to_lan_bgp": null,
                "summarized_subnet_to_lan_ospf": null
              }
            }
          },
          "sensitive_attributes": [],
          "dependencies": [
            "mist_org.terraform_test"
          ]
        }
      ]
    },
    {
      "mode": "managed",
      "type": "mist_org_network",
      "name": "network_CTR_SRV_MGMT_VL5184",
      "provider": "provider[\"registry.terraform.io/juniper/mist\"]",
      "instances": [
        {
          "schema_version": 0,
          "attributes": {
            "disallow_mist_services": true,
            "gateway": null,
            "gateway6": null,
            "id": "afcdbb56-b645-4239-af0a-56c98bc0176c",
            "internal_access": null,
            "internet_access": null,
            "isolation": true,
            "name": "CTR_SRV-MGMT_VL5",
            "org_id": "15017582-6f6e-41d0-8241-a8b2062587ab",
            "routed_for_networks": null,
            "subnet": "{{ctr_srv_mgmt}}/{{ctr_srv_mgmt_cidr}}",
            "subnet6": null,
            "tenants": null,
            "vlan_id": "5",
            "vpn_access": {
              "OrgOverlay": {
                "advertised_subnet": null,
                "allow_ping": null,
                "destination_nat": null,
                "nat_pool": null,
                "no_readvertise_to_lan_bgp": false,
                "no_readvertise_to_lan_ospf": false,
                "no_readvertise_to_overlay": null,
                "other_vrfs": [],
                "routed": true,
                "source_nat": null,
                "static_nat": null,
                "summarized_subnet": null,
                "summarized_subnet_to_lan_bgp": null,
                "summarized_subnet_to_lan_ospf": null
              }
            }
          },
          "sensitive_attributes": [],
          "dependencies": [
            "mist_org.terraform_test"
          ]
        }
      ]
    },
    {
      "mode": "managed",
      "type": "mist_org_network",
      "name": "network_CTR_WIRED_CFD8",
      "provider": "provider[\"registry.terraform.io/juniper/mist\"]",
      "instances": [
        {
          "schema_version": 0,
          "attributes": {
            "disallow_mist_services": true,
            "gateway": null,
            "gateway6": null,
            "id": "70f215e5-1f80-4c9b-8fb7-22e48551d6f5",
            "internal_access": null,
            "internet_access": null,
            "isolation": true,
            "name": "CTR_WIRED-CFD",
            "org_id": "15017582-6f6e-41d0-8241-a8b2062587ab",
            "routed_for_networks": null,
            "subnet": "{{ctr_wired_cfd}}/{{ctr_wired_cfd_cidr}}",
            "subnet6": null,
            "tenants": null,
            "vlan_id": "21",
            "vpn_access": {
              "OrgOverlay": {
                "advertised_subnet": null,
                "allow_ping": null,
                "destination_nat": null,
                "nat_pool": null,
                "no_readvertise_to_lan_bgp": false,
                "no_readvertise_to_lan_ospf": false,
                "no_readvertise_to_overlay": null,
                "other_vrfs": [],
                "routed": true,
                "source_nat": null,
                "static_nat": null,
                "summarized_subnet": null,
                "summarized_subnet_to_lan_bgp": null,
                "summarized_subnet_to_lan_ospf": null
              }
            }
          },
          "sensitive_attributes": [],
          "dependencies": [
            "mist_org.terraform_test"
          ]
        }
      ]
    },
    {
      "mode": "managed",
      "type": "mist_org_network",
      "name": "network_CTR_WIRED_TABLETS_VL215",
      "provider": "provider[\"registry.terraform.io/juniper/mist\"]",
      "instances": [
        {
          "schema_version": 0,
          "attributes": {
            "disallow_mist_services": true,
            "gateway": null,
            "gateway6": null,
            "id": "5d133240-3700-4d7e-a898-44a92c11043f",
            "internal_access": null,
            "internet_access": null,
            "isolation": true,
            "name": "CTR_WIRED-TABLETS_VL21",
            "org_id": "15017582-6f6e-41d0-8241-a8b2062587ab",
            "routed_for_networks": null,
            "subnet": "{{ctr_wired_tablets}}/{{ctr_wired_tablets_cidr}}",
            "subnet6": null,
            "tenants": null,
            "vlan_id": "21",
            "vpn_access": {
              "OrgOverlay": {
                "advertised_subnet": null,
                "allow_ping": null,
                "destination_nat": null,
                "nat_pool": null,
                "no_readvertise_to_lan_bgp": false,
                "no_readvertise_to_lan_ospf": false,
                "no_readvertise_to_overlay": null,
                "other_vrfs": [],
                "routed": true,
                "source_nat": null,
                "static_nat": null,
                "summarized_subnet": null,
                "summarized_subnet_to_lan_bgp": null,
                "summarized_subnet_to_lan_ospf": null
              }
            }
          },
          "sensitive_attributes": [],
          "dependencies": [
            "mist_org.terraform_test"
          ]
        }
      ]
    },
    {
      "mode": "managed",
      "type": "mist_org_network",
      "name": "network_GUEST4",
      "provider": "provider[\"registry.terraform.io/juniper/mist\"]",
      "instances": [
        {
          "schema_version": 0,
          "attributes": {
            "disallow_mist_services": false,
            "gateway": null,
            "gateway6": null,
            "id": "83b534f0-3698-4fa1-86de-882142cab602",
            "internal_access": null,
            "internet_access": null,
            "isolation": true,
            "name": "GUEST",
            "org_id": "15017582-6f6e-41d0-8241-a8b2062587ab",
            "routed_for_networks": null,
            "subnet": "192.168.254.0/24",
            "subnet6": null,
            "tenants": null,
            "vlan_id": "72",
            "vpn_access": null
          },
          "sensitive_attributes": [],
          "dependencies": [
            "mist_org.terraform_test"
          ]
        }
      ]
    },
    {
      "mode": "managed",
      "type": "mist_org_network",
      "name": "network_HykoKeys230",
      "provider": "provider[\"registry.terraform.io/juniper/mist\"]",
      "instances": [
        {
          "schema_version": 0,
          "attributes": {
            "disallow_mist_services": true,
            "gateway": null,
            "gateway6": null,
            "id": "d188740f-5f2f-4553-b456-e746910d2a3d",
            "internal_access": null,
            "internet_access": null,
            "isolation": true,
            "name": "HykoKeys",
            "org_id": "15017582-6f6e-41d0-8241-a8b2062587ab",
            "routed_for_networks": null,
            "subnet": "10.0.0.0/8",
            "subnet6": null,
            "tenants": {
              "HykoKeys-Users": {
                "addresses": [
                  "10.168.194.97/27",
                  "10.186.118.65/26"
                ]
              }
            },
            "vlan_id": null,
            "vpn_access": {
              "OrgOverlay": {
                "advertised_subnet": null,
                "allow_ping": null,
                "destination_nat": null,
                "nat_pool": null,
                "no_readvertise_to_lan_bgp": false,
                "no_readvertise_to_lan_ospf": false,
                "no_readvertise_to_overlay": null,
                "other_vrfs": [],
                "routed": true,
                "source_nat": null,
                "static_nat": null,
                "summarized_subnet": null,
                "summarized_subnet_to_lan_bgp": null,
                "summarized_subnet_to_lan_ospf": null
              }
            }
          },
          "sensitive_attributes": [],
          "dependencies": [
            "mist_org.terraform_test"
          ]
        }
      ]
    },
    {
      "mode": "managed",
      "type": "mist_org_network",
      "name": "network_IOT10",
      "provider": "provider[\"registry.terraform.io/juniper/mist\"]",
      "instances": [
        {
          "schema_version": 0,
          "attributes": {
            "disallow_mist_services": true,
            "gateway": null,
            "gateway6": null,
            "id": "7a5f321d-060e-4103-848e-a820c70bea0d",
            "internal_access": null,
            "internet_access": null,
            "isolation": true,
            "name": "IOT",
            "org_id": "15017582-6f6e-41d0-8241-a8b2062587ab",
            "routed_for_networks": null,
            "subnet": "192.168.255.0/24",
            "subnet6": null,
            "tenants": null,
            "vlan_id": "290",
            "vpn_access": null
          },
          "sensitive_attributes": [],
          "dependencies": [
            "mist_org.terraform_test"
          ]
        }
      ]
    },
    {
      "mode": "managed",
      "type": "mist_org_network",
      "name": "network_MGMT_vlan131",
      "provider": "provider[\"registry.terraform.io/juniper/mist\"]",
      "instances": [
        {
          "schema_version": 0,
          "attributes": {
            "disallow_mist_services": false,
            "gateway": null,
            "gateway6": null,
            "id": "63169c41-2a61-47d3-83a6-454dfe06af90",
            "internal_access": null,
            "internet_access": null,
            "isolation": true,
            "name": "MGMT_vlan1",
            "org_id": "15017582-6f6e-41d0-8241-a8b2062587ab",
            "routed_for_networks": null,
            "subnet": "{{Class_B_VLAN1}}{{Class_C_VLAN1}}0/{{CIDR_25}}",
            "subnet6": null,
            "tenants": null,
            "vlan_id": null,
            "vpn_access": null
          },
          "sensitive_attributes": [],
          "dependencies": [
            "mist_org.terraform_test"
          ]
        }
      ]
    },
    {
      "mode": "managed",
      "type": "mist_org_network",
      "name": "network_MWW_CORP_WIRELESS103",
      "provider": "provider[\"registry.terraform.io/juniper/mist\"]",
      "instances": [
        {
          "schema_version": 0,
          "attributes": {
            "disallow_mist_services": true,
            "gateway": null,
            "gateway6": null,
            "id": "b64d5a12-b1c9-474f-ad96-91cece524c8b",
            "internal_access": null,
            "internet_access": null,
            "isolation": true,
            "name": "MWW_CORP-WIRELESS",
            "org_id": "15017582-6f6e-41d0-8241-a8b2062587ab",
            "routed_for_networks": null,
            "subnet": "{{mww_corp_wireless}}/{{mww_corp_wireless_cidr}}",
            "subnet6": null,
            "tenants": null,
            "vlan_id": "200",
            "vpn_access": {
              "OrgOverlay": {
                "advertised_subnet": null,
                "allow_ping": null,
                "destination_nat": null,
                "nat_pool": null,
                "no_readvertise_to_lan_bgp": false,
                "no_readvertise_to_lan_ospf": false,
                "no_readvertise_to_overlay": null,
                "other_vrfs": [],
                "routed": true,
                "source_nat": null,
                "static_nat": null,
                "summarized_subnet": null,
                "summarized_subnet_to_lan_bgp": null,
                "summarized_subnet_to_lan_ospf": null
              }
            }
          },
          "sensitive_attributes": [],
          "dependencies": [
            "mist_org.terraform_test"
          ]
        }
      ]
    },
    {
      "mode": "managed",
      "type": "mist_org_network",
      "name": "network_MWW_CORP_WIRELESS_VL2182",
      "provider": "provider[\"registry.terraform.io/juniper/mist\"]",
      "instances": [
        {
          "schema_version": 0,
          "attributes": {
            "disallow_mist_services": true,
            "gateway": null,
            "gateway6": null,
            "id": "d040fdb0-916a-449d-b6fc-0cabe0eca6f2",
            "internal_access": null,
            "internet_access": null,
            "isolation": true,
            "name": "MWW_CORP-WIRELESS_VL200",
            "org_id": "15017582-6f6e-41d0-8241-a8b2062587ab",
            "routed_for_networks": null,
            "subnet": "{{mww_corp_wireless}}/{{mww_corp_wireless_cidr}}",
            "subnet6": null,
            "tenants": null,
            "vlan_id": "200",
            "vpn_access": {
              "OrgOverlay": {
                "advertised_subnet": null,
                "allow_ping": null,
                "destination_nat": null,
                "nat_pool": null,
                "no_readvertise_to_lan_bgp": false,
                "no_readvertise_to_lan_ospf": false,
                "no_readvertise_to_overlay": null,
                "other_vrfs": [],
                "routed": true,
                "source_nat": null,
                "static_nat": null,
                "summarized_subnet": null,
                "summarized_subnet_to_lan_bgp": null,
                "summarized_subnet_to_lan_ospf": null
              }
            }
          },
          "sensitive_attributes": [],
          "dependencies": [
            "mist_org.terraform_test"
          ]
        }
      ]
    },
    {
      "mode": "managed",
      "type": "mist_org_network",
      "name": "network_MWW_DIGITAL_MEDIA108",
      "provider": "provider[\"registry.terraform.io/juniper/mist\"]",
      "instances": [
        {
          "schema_version": 0,
          "attributes": {
            "disallow_mist_services": true,
            "gateway": null,
            "gateway6": null,
            "id": "cce55447-37ce-493e-8b35-45425eb2b09f",
            "internal_access": null,
            "internet_access": null,
            "isolation": true,
            "name": "MWW_DIGITAL-MEDIA",
            "org_id": "15017582-6f6e-41d0-8241-a8b2062587ab",
            "routed_for_networks": null,
            "subnet": "{{mww_digital_media}}/{{mww_digital_media_cidr}}",
            "subnet6": null,
            "tenants": null,
            "vlan_id": "400",
            "vpn_access": {
              "OrgOverlay": {
                "advertised_subnet": null,
                "allow_ping": null,
                "destination_nat": null,
                "nat_pool": null,
                "no_readvertise_to_lan_bgp": false,
                "no_readvertise_to_lan_ospf": false,
                "no_readvertise_to_overlay": null,
                "other_vrfs": [],
                "routed": true,
                "source_nat": null,
                "static_nat": null,
                "summarized_subnet": null,
                "summarized_subnet_to_lan_bgp": null,
                "summarized_subnet_to_lan_ospf": null
              }
            }
          },
          "sensitive_attributes": [],
          "dependencies": [
            "mist_org.terraform_test"
          ]
        }
      ]
    },
    {
      "mode": "managed",
      "type": "mist_org_network",
      "name": "network_MWW_DIGITAL_VL400100",
      "provider": "provider[\"registry.terraform.io/juniper/mist\"]",
      "instances": [
        {
          "schema_version": 0,
          "attributes": {
            "disallow_mist_services": true,
            "gateway": null,
            "gateway6": null,
            "id": "dcbe5bba-f3af-4ca6-8339-0d20637bdb41",
            "internal_access": null,
            "internet_access": null,
            "isolation": true,
            "name": "MWW_DIGITAL_VL400",
            "org_id": "15017582-6f6e-41d0-8241-a8b2062587ab",
            "routed_for_networks": null,
            "subnet": "{{mww_digital_media}}/{{mww_digital_media_cidr}}",
            "subnet6": null,
            "tenants": null,
            "vlan_id": "400",
            "vpn_access": {
              "OrgOverlay": {
                "advertised_subnet": null,
                "allow_ping": null,
                "destination_nat": null,
                "nat_pool": null,
                "no_readvertise_to_lan_bgp": false,
                "no_readvertise_to_lan_ospf": false,
                "no_readvertise_to_overlay": null,
                "other_vrfs": [],
                "routed": true,
                "source_nat": null,
                "static_nat": null,
                "summarized_subnet": null,
                "summarized_subnet_to_lan_bgp": null,
                "summarized_subnet_to_lan_ospf": null
              }
            }
          },
          "sensitive_attributes": [],
          "dependencies": [
            "mist_org.terraform_test"
          ]
        }
      ]
    },
    {
      "mode": "managed",
      "type": "mist_org_network",
      "name": "network_MWW_DVR56",
      "provider": "provider[\"registry.terraform.io/juniper/mist\"]",
      "instances": [
        {
          "schema_version": 0,
          "attributes": {
            "disallow_mist_services": true,
            "gateway": null,
            "gateway6": null,
            "id": "63005258-def0-4fbd-8545-c37818fe86c9",
            "internal_access": null,
            "internet_access": null,
            "isolation": true,
            "name": "MWW_DVR",
            "org_id": "15017582-6f6e-41d0-8241-a8b2062587ab",
            "routed_for_networks": null,
            "subnet": "{{mww_dvr}}/{{mww_dvr_cidr}}",
            "subnet6": null,
            "tenants": null,
            "vlan_id": "300",
            "vpn_access": {
              "OrgOverlay": {
                "advertised_subnet": null,
                "allow_ping": null,
                "destination_nat": null,
                "nat_pool": null,
                "no_readvertise_to_lan_bgp": false,
                "no_readvertise_to_lan_ospf": false,
                "no_readvertise_to_overlay": null,
                "other_vrfs": [],
                "routed": true,
                "source_nat": null,
                "static_nat": null,
                "summarized_subnet": null,
                "summarized_subnet_to_lan_bgp": null,
                "summarized_subnet_to_lan_ospf": null
              }
            }
          },
          "sensitive_attributes": [],
          "dependencies": [
            "mist_org.terraform_test"
          ]
        }
      ]
    },
    {
      "mode": "managed",
      "type": "mist_org_network",
      "name": "network_MWW_DVR_VL300187",
      "provider": "provider[\"registry.terraform.io/juniper/mist\"]",
      "instances": [
        {
          "schema_version": 0,
          "attributes": {
            "disallow_mist_services": true,
            "gateway": null,
            "gateway6": null,
            "id": "4683031c-f495-4019-bd33-80071304951e",
            "internal_access": null,
            "internet_access": null,
            "isolation": true,
            "name": "MWW_DVR_VL300",
            "org_id": "15017582-6f6e-41d0-8241-a8b2062587ab",
            "routed_for_networks": null,
            "subnet": "{{mww_dvr}}/{{mww_dvr_cidr}}",
            "subnet6": null,
            "tenants": null,
            "vlan_id": "300",
            "vpn_access": {
              "OrgOverlay": {
                "advertised_subnet": null,
                "allow_ping": null,
                "destination_nat": null,
                "nat_pool": null,
                "no_readvertise_to_lan_bgp": false,
                "no_readvertise_to_lan_ospf": false,
                "no_readvertise_to_overlay": null,
                "other_vrfs": [],
                "routed": true,
                "source_nat": null,
                "static_nat": null,
                "summarized_subnet": null,
                "summarized_subnet_to_lan_bgp": null,
                "summarized_subnet_to_lan_ospf": null
              }
            }
          },
          "sensitive_attributes": [],
          "dependencies": [
            "mist_org.terraform_test"
          ]
        }
      ]
    },
    {
      "mode": "managed",
      "type": "mist_org_network",
      "name": "network_MWW_GWiFi85",
      "provider": "provider[\"registry.terraform.io/juniper/mist\"]",
      "instances": [
        {
          "schema_version": 0,
          "attributes": {
            "disallow_mist_services": true,
            "gateway": null,
            "gateway6": null,
            "id": "bcf3c2cb-538d-4159-820d-1cfe3f5931d6",
            "internal_access": null,
            "internet_access": null,
            "isolation": true,
            "name": "MWW_GWiFi",
            "org_id": "15017582-6f6e-41d0-8241-a8b2062587ab",
            "routed_for_networks": null,
            "subnet": "{{mww_gwifi}}/{{mww_gwifi_cidr}}",
            "subnet6": null,
            "tenants": null,
            "vlan_id": "202",
            "vpn_access": null
          },
          "sensitive_attributes": [],
          "dependencies": [
            "mist_org.terraform_test"
          ]
        }
      ]
    },
    {
      "mode": "managed",
      "type": "mist_org_network",
      "name": "network_MWW_GWiFi_VL202192",
      "provider": "provider[\"registry.terraform.io/juniper/mist\"]",
      "instances": [
        {
          "schema_version": 0,
          "attributes": {
            "disallow_mist_services": true,
            "gateway": null,
            "gateway6": null,
            "id": "0a2eff0b-c9af-4293-b18e-6f3484435ac2",
            "internal_access": null,
            "internet_access": null,
            "isolation": true,
            "name": "MWW_GWiFi_VL202",
            "org_id": "15017582-6f6e-41d0-8241-a8b2062587ab",
            "routed_for_networks": null,
            "subnet": "{{mww_gwifi}}/{{mww_gwifi_cidr}}",
            "subnet6": null,
            "tenants": null,
            "vlan_id": "202",
            "vpn_access": null
          },
          "sensitive_attributes": [],
          "dependencies": [
            "mist_org.terraform_test"
          ]
        }
      ]
    },
    {
      "mode": "managed",
      "type": "mist_org_network",
      "name": "network_MWW_LTE_MGMT_VL888217",
      "provider": "provider[\"registry.terraform.io/juniper/mist\"]",
      "instances": [
        {
          "schema_version": 0,
          "attributes": {
            "disallow_mist_services": true,
            "gateway": null,
            "gateway6": null,
            "id": "706fe815-15ff-4a2a-9f61-ec96fa393f87",
            "internal_access": null,
            "internet_access": null,
            "isolation": true,
            "name": "MWW_LTE-MGMT_VL888",
            "org_id": "15017582-6f6e-41d0-8241-a8b2062587ab",
            "routed_for_networks": null,
            "subnet": "192.168.98.0/30",
            "subnet6": null,
            "tenants": null,
            "vlan_id": "888",
            "vpn_access": {
              "OrgOverlay": {
                "advertised_subnet": null,
                "allow_ping": null,
                "destination_nat": null,
                "nat_pool": "{{mww_natted_ip}}/32",
                "no_readvertise_to_lan_bgp": false,
                "no_readvertise_to_lan_ospf": false,
                "no_readvertise_to_overlay": null,
                "other_vrfs": [],
                "routed": false,
                "source_nat": null,
                "static_nat": {
                  "{{mww_natted_ip}}": {
                    "internal_ip": "192.168.98.2",
                    "name": "SMI-TO-LTE",
                    "wan_name": null
                  }
                },
                "summarized_subnet": null,
                "summarized_subnet_to_lan_bgp": null,
                "summarized_subnet_to_lan_ospf": null
              }
            }
          },
          "sensitive_attributes": [],
          "dependencies": [
            "mist_org.terraform_test"
          ]
        }
      ]
    },
    {
      "mode": "managed",
      "type": "mist_org_network",
      "name": "network_MWW_MGMT138",
      "provider": "provider[\"registry.terraform.io/juniper/mist\"]",
      "instances": [
        {
          "schema_version": 0,
          "attributes": {
            "disallow_mist_services": false,
            "gateway": null,
            "gateway6": null,
            "id": "4fad6733-2e88-4ebb-9574-83a97812986b",
            "internal_access": null,
            "internet_access": null,
            "isolation": true,
            "name": "MWW_MGMT",
            "org_id": "15017582-6f6e-41d0-8241-a8b2062587ab",
            "routed_for_networks": null,
            "subnet": "{{mww_default}}/{{mww_default_cidr}}",
            "subnet6": null,
            "tenants": {
              "MWW_Lab_Mgmt": {
                "addresses": [
                  "10.157.255.0/26"
                ]
              }
            },
            "vlan_id": null,
            "vpn_access": {
              "OrgOverlay": {
                "advertised_subnet": null,
                "allow_ping": null,
                "destination_nat": null,
                "nat_pool": null,
                "no_readvertise_to_lan_bgp": false,
                "no_readvertise_to_lan_ospf": false,
                "no_readvertise_to_overlay": null,
                "other_vrfs": [],
                "routed": true,
                "source_nat": null,
                "static_nat": null,
                "summarized_subnet": null,
                "summarized_subnet_to_lan_bgp": null,
                "summarized_subnet_to_lan_ospf": null
              }
            }
          },
          "sensitive_attributes": [],
          "dependencies": [
            "mist_org.terraform_test"
          ]
        }
      ]
    },
    {
      "mode": "managed",
      "type": "mist_org_network",
      "name": "network_MWW_MGMT_VL1180",
      "provider": "provider[\"registry.terraform.io/juniper/mist\"]",
      "instances": [
        {
          "schema_version": 0,
          "attributes": {
            "disallow_mist_services": false,
            "gateway": null,
            "gateway6": null,
            "id": "79aad4f7-78f0-47bd-a04b-f96461858c9f",
            "internal_access": null,
            "internet_access": null,
            "isolation": true,
            "name": "MWW_MGMT_VL1",
            "org_id": "15017582-6f6e-41d0-8241-a8b2062587ab",
            "routed_for_networks": null,
            "subnet": "{{mww_default}}/{{mww_default_cidr}}",
            "subnet6": null,
            "tenants": null,
            "vlan_id": null,
            "vpn_access": {
              "OrgOverlay": {
                "advertised_subnet": null,
                "allow_ping": null,
                "destination_nat": null,
                "nat_pool": null,
                "no_readvertise_to_lan_bgp": false,
                "no_readvertise_to_lan_ospf": false,
                "no_readvertise_to_overlay": null,
                "other_vrfs": [],
                "routed": true,
                "source_nat": null,
                "static_nat": null,
                "summarized_subnet": null,
                "summarized_subnet_to_lan_bgp": null,
                "summarized_subnet_to_lan_ospf": null
              }
            }
          },
          "sensitive_attributes": [],
          "dependencies": [
            "mist_org.terraform_test"
          ]
        }
      ]
    },
    {
      "mode": "managed",
      "type": "mist_org_network",
      "name": "network_MWW_POS39",
      "provider": "provider[\"registry.terraform.io/juniper/mist\"]",
      "instances": [
        {
          "schema_version": 0,
          "attributes": {
            "disallow_mist_services": true,
            "gateway": null,
            "gateway6": null,
            "id": "461c7ccc-2965-44eb-b0f4-5dac763f816c",
            "internal_access": null,
            "internet_access": null,
            "isolation": true,
            "name": "MWW_POS",
            "org_id": "15017582-6f6e-41d0-8241-a8b2062587ab",
            "routed_for_networks": null,
            "subnet": "{{mww_pos}}/{{mww_pos_cidr}}",
            "subnet6": null,
            "tenants": null,
            "vlan_id": "100",
            "vpn_access": {
              "OrgOverlay": {
                "advertised_subnet": null,
                "allow_ping": null,
                "destination_nat": null,
                "nat_pool": null,
                "no_readvertise_to_lan_bgp": false,
                "no_readvertise_to_lan_ospf": false,
                "no_readvertise_to_overlay": null,
                "other_vrfs": [],
                "routed": true,
                "source_nat": null,
                "static_nat": null,
                "summarized_subnet": null,
                "summarized_subnet_to_lan_bgp": null,
                "summarized_subnet_to_lan_ospf": null
              }
            }
          },
          "sensitive_attributes": [],
          "dependencies": [
            "mist_org.terraform_test"
          ]
        }
      ]
    },
    {
      "mode": "managed",
      "type": "mist_org_network",
      "name": "network_MWW_POS_VL100189",
      "provider": "provider[\"registry.terraform.io/juniper/mist\"]",
      "instances": [
        {
          "schema_version": 0,
          "attributes": {
            "disallow_mist_services": true,
            "gateway": null,
            "gateway6": null,
            "id": "1e2f01dd-30ac-47c8-91bd-899e47ff6e07",
            "internal_access": null,
            "internet_access": null,
            "isolation": true,
            "name": "MWW_POS_VL100",
            "org_id": "15017582-6f6e-41d0-8241-a8b2062587ab",
            "routed_for_networks": null,
            "subnet": "{{mww_pos}}/{{mww_pos_cidr}}",
            "subnet6": null,
            "tenants": null,
            "vlan_id": "100",
            "vpn_access": {
              "OrgOverlay": {
                "advertised_subnet": null,
                "allow_ping": null,
                "destination_nat": null,
                "nat_pool": null,
                "no_readvertise_to_lan_bgp": false,
                "no_readvertise_to_lan_ospf": false,
                "no_readvertise_to_overlay": null,
                "other_vrfs": [],
                "routed": true,
                "source_nat": null,
                "static_nat": null,
                "summarized_subnet": null,
                "summarized_subnet_to_lan_bgp": null,
                "summarized_subnet_to_lan_ospf": null
              }
            }
          },
          "sensitive_attributes": [],
          "dependencies": [
            "mist_org.terraform_test"
          ]
        }
      ]
    },
    {
      "mode": "managed",
      "type": "mist_org_network",
      "name": "network_MWW_PRINTERS27",
      "provider": "provider[\"registry.terraform.io/juniper/mist\"]",
      "instances": [
        {
          "schema_version": 0,
          "attributes": {
            "disallow_mist_services": true,
            "gateway": null,
            "gateway6": null,
            "id": "48fd84e8-e2f0-4e73-9fde-d2f88b384267",
            "internal_access": null,
            "internet_access": null,
            "isolation": true,
            "name": "MWW_PRINTERS",
            "org_id": "15017582-6f6e-41d0-8241-a8b2062587ab",
            "routed_for_networks": null,
            "subnet": "{{mww_printers}}/{{mww_printers_cidr}}",
            "subnet6": null,
            "tenants": null,
            "vlan_id": "102",
            "vpn_access": {
              "OrgOverlay": {
                "advertised_subnet": null,
                "allow_ping": null,
                "destination_nat": null,
                "nat_pool": null,
                "no_readvertise_to_lan_bgp": false,
                "no_readvertise_to_lan_ospf": false,
                "no_readvertise_to_overlay": null,
                "other_vrfs": [],
                "routed": true,
                "source_nat": null,
                "static_nat": null,
                "summarized_subnet": null,
                "summarized_subnet_to_lan_bgp": null,
                "summarized_subnet_to_lan_ospf": null
              }
            }
          },
          "sensitive_attributes": [],
          "dependencies": [
            "mist_org.terraform_test"
          ]
        }
      ]
    },
    {
      "mode": "managed",
      "type": "mist_org_network",
      "name": "network_MWW_PRINTERS_VL102126",
      "provider": "provider[\"registry.terraform.io/juniper/mist\"]",
      "instances": [
        {
          "schema_version": 0,
          "attributes": {
            "disallow_mist_services": true,
            "gateway": null,
            "gateway6": null,
            "id": "dc730736-997c-4a67-9ec5-6c71d8cc5276",
            "internal_access": null,
            "internet_access": null,
            "isolation": true,
            "name": "MWW_PRINTERS_VL102",
            "org_id": "15017582-6f6e-41d0-8241-a8b2062587ab",
            "routed_for_networks": null,
            "subnet": "{{mww_printers}}/{{mww_printers_cidr}}",
            "subnet6": null,
            "tenants": null,
            "vlan_id": "102",
            "vpn_access": {
              "OrgOverlay": {
                "advertised_subnet": null,
                "allow_ping": null,
                "destination_nat": null,
                "nat_pool": null,
                "no_readvertise_to_lan_bgp": false,
                "no_readvertise_to_lan_ospf": false,
                "no_readvertise_to_overlay": null,
                "other_vrfs": [],
                "routed": true,
                "source_nat": null,
                "static_nat": null,
                "summarized_subnet": null,
                "summarized_subnet_to_lan_bgp": null,
                "summarized_subnet_to_lan_ospf": null
              }
            }
          },
          "sensitive_attributes": [],
          "dependencies": [
            "mist_org.terraform_test"
          ]
        }
      ]
    },
    {
      "mode": "managed",
      "type": "mist_org_network",
      "name": "network_MWW_TABLETS73",
      "provider": "provider[\"registry.terraform.io/juniper/mist\"]",
      "instances": [
        {
          "schema_version": 0,
          "attributes": {
            "disallow_mist_services": true,
            "gateway": null,
            "gateway6": null,
            "id": "d70fe638-d95b-472d-a96e-39ab23b66843",
            "internal_access": null,
            "internet_access": null,
            "isolation": true,
            "name": "MWW_TABLETS",
            "org_id": "15017582-6f6e-41d0-8241-a8b2062587ab",
            "routed_for_networks": null,
            "subnet": "{{mww_tablets}}/{{mww_tablets_cidr}}",
            "subnet6": null,
            "tenants": null,
            "vlan_id": "201",
            "vpn_access": {
              "OrgOverlay": {
                "advertised_subnet": null,
                "allow_ping": null,
                "destination_nat": null,
                "nat_pool": null,
                "no_readvertise_to_lan_bgp": false,
                "no_readvertise_to_lan_ospf": false,
                "no_readvertise_to_overlay": null,
                "other_vrfs": [],
                "routed": true,
                "source_nat": null,
                "static_nat": null,
                "summarized_subnet": null,
                "summarized_subnet_to_lan_bgp": null,
                "summarized_subnet_to_lan_ospf": null
              }
            }
          },
          "sensitive_attributes": [],
          "dependencies": [
            "mist_org.terraform_test"
          ]
        }
      ]
    },
    {
      "mode": "managed",
      "type": "mist_org_network",
      "name": "network_MWW_TABLETS_VL20183",
      "provider": "provider[\"registry.terraform.io/juniper/mist\"]",
      "instances": [
        {
          "schema_version": 0,
          "attributes": {
            "disallow_mist_services": true,
            "gateway": null,
            "gateway6": null,
            "id": "beec02c8-18a4-4307-9d16-3fc826f3dc40",
            "internal_access": null,
            "internet_access": null,
            "isolation": true,
            "name": "MWW_TABLETS_VL201",
            "org_id": "15017582-6f6e-41d0-8241-a8b2062587ab",
            "routed_for_networks": null,
            "subnet": "{{mww_tablets}}/{{mww_tablets_cidr}}",
            "subnet6": null,
            "tenants": null,
            "vlan_id": "201",
            "vpn_access": {
              "OrgOverlay": {
                "advertised_subnet": null,
                "allow_ping": null,
                "destination_nat": null,
                "nat_pool": null,
                "no_readvertise_to_lan_bgp": false,
                "no_readvertise_to_lan_ospf": false,
                "no_readvertise_to_overlay": null,
                "other_vrfs": [],
                "routed": true,
                "source_nat": null,
                "static_nat": null,
                "summarized_subnet": null,
                "summarized_subnet_to_lan_bgp": null,
                "summarized_subnet_to_lan_ospf": null
              }
            }
          },
          "sensitive_attributes": [],
          "dependencies": [
            "mist_org.terraform_test"
          ]
        }
      ]
    },
    {
      "mode": "managed",
      "type": "mist_org_network",
      "name": "network_MWW_THERMOSTATS92",
      "provider": "provider[\"registry.terraform.io/juniper/mist\"]",
      "instances": [
        {
          "schema_version": 0,
          "attributes": {
            "disallow_mist_services": true,
            "gateway": null,
            "gateway6": null,
            "id": "4dde257a-c54d-469c-85d1-b62b033ea818",
            "internal_access": null,
            "internet_access": null,
            "isolation": true,
            "name": "MWW_THERMOSTATS",
            "org_id": "15017582-6f6e-41d0-8241-a8b2062587ab",
            "routed_for_networks": null,
            "subnet": "{{mww_thermostats}}/{{mww_thermostats_cidr}}",
            "subnet6": null,
            "tenants": null,
            "vlan_id": "701",
            "vpn_access": null
          },
          "sensitive_attributes": [],
          "dependencies": [
            "mist_org.terraform_test"
          ]
        }
      ]
    },
    {
      "mode": "managed",
      "type": "mist_org_network",
      "name": "network_MWW_THIRD_PARTY94",
      "provider": "provider[\"registry.terraform.io/juniper/mist\"]",
      "instances": [
        {
          "schema_version": 0,
          "attributes": {
            "disallow_mist_services": true,
            "gateway": null,
            "gateway6": null,
            "id": "5fa2c2a3-718f-4366-bbf1-0808e0348d97",
            "internal_access": null,
            "internet_access": null,
            "isolation": true,
            "name": "MWW_THIRD-PARTY",
            "org_id": "15017582-6f6e-41d0-8241-a8b2062587ab",
            "routed_for_networks": null,
            "subnet": "{{mww_third_party}}/{{mww_third_party_cidr}}",
            "subnet6": null,
            "tenants": null,
            "vlan_id": "700",
            "vpn_access": {
              "OrgOverlay": {
                "advertised_subnet": null,
                "allow_ping": null,
                "destination_nat": null,
                "nat_pool": null,
                "no_readvertise_to_lan_bgp": false,
                "no_readvertise_to_lan_ospf": false,
                "no_readvertise_to_overlay": null,
                "other_vrfs": [],
                "routed": true,
                "source_nat": null,
                "static_nat": null,
                "summarized_subnet": null,
                "summarized_subnet_to_lan_bgp": null,
                "summarized_subnet_to_lan_ospf": null
              }
            }
          },
          "sensitive_attributes": [],
          "dependencies": [
            "mist_org.terraform_test"
          ]
        }
      ]
    },
    {
      "mode": "managed",
      "type": "mist_org_network",
      "name": "network_MWW_THIRD_PARTY_VL700120",
      "provider": "provider[\"registry.terraform.io/juniper/mist\"]",
      "instances": [
        {
          "schema_version": 0,
          "attributes": {
            "disallow_mist_services": true,
            "gateway": null,
            "gateway6": null,
            "id": "d7049bde-aadb-46e9-8340-5da362bcd3a5",
            "internal_access": null,
            "internet_access": null,
            "isolation": true,
            "name": "MWW_THIRD-PARTY_VL700",
            "org_id": "15017582-6f6e-41d0-8241-a8b2062587ab",
            "routed_for_networks": null,
            "subnet": "{{mww_third_party}}/{{mww_third_party_cidr}}",
            "subnet6": null,
            "tenants": null,
            "vlan_id": "700",
            "vpn_access": {
              "OrgOverlay": {
                "advertised_subnet": null,
                "allow_ping": null,
                "destination_nat": null,
                "nat_pool": null,
                "no_readvertise_to_lan_bgp": false,
                "no_readvertise_to_lan_ospf": false,
                "no_readvertise_to_overlay": null,
                "other_vrfs": [],
                "routed": true,
                "source_nat": null,
                "static_nat": null,
                "summarized_subnet": null,
                "summarized_subnet_to_lan_bgp": null,
                "summarized_subnet_to_lan_ospf": null
              }
            }
          },
          "sensitive_attributes": [],
          "dependencies": [
            "mist_org.terraform_test"
          ]
        }
      ]
    },
    {
      "mode": "managed",
      "type": "mist_org_network",
      "name": "network_MWW_VOIP17",
      "provider": "provider[\"registry.terraform.io/juniper/mist\"]",
      "instances": [
        {
          "schema_version": 0,
          "attributes": {
            "disallow_mist_services": true,
            "gateway": null,
            "gateway6": null,
            "id": "0a58becd-02cd-4841-b11a-65ec3fa3e536",
            "internal_access": null,
            "internet_access": null,
            "isolation": true,
            "name": "MWW_VOIP",
            "org_id": "15017582-6f6e-41d0-8241-a8b2062587ab",
            "routed_for_networks": null,
            "subnet": "{{mww_voip}}/{{mww_voip_cidr}}",
            "subnet6": null,
            "tenants": null,
            "vlan_id": "500",
            "vpn_access": {
              "OrgOverlay": {
                "advertised_subnet": null,
                "allow_ping": null,
                "destination_nat": null,
                "nat_pool": null,
                "no_readvertise_to_lan_bgp": false,
                "no_readvertise_to_lan_ospf": false,
                "no_readvertise_to_overlay": null,
                "other_vrfs": [],
                "routed": true,
                "source_nat": null,
                "static_nat": null,
                "summarized_subnet": null,
                "summarized_subnet_to_lan_bgp": null,
                "summarized_subnet_to_lan_ospf": null
              }
            }
          },
          "sensitive_attributes": [],
          "dependencies": [
            "mist_org.terraform_test"
          ]
        }
      ]
    },
    {
      "mode": "managed",
      "type": "mist_org_network",
      "name": "network_MWW_VOIP_VL500175",
      "provider": "provider[\"registry.terraform.io/juniper/mist\"]",
      "instances": [
        {
          "schema_version": 0,
          "attributes": {
            "disallow_mist_services": true,
            "gateway": null,
            "gateway6": null,
            "id": "4dc84829-4f3c-4595-8b36-ec25c46b7e58",
            "internal_access": null,
            "internet_access": null,
            "isolation": true,
            "name": "MWW_VOIP_VL500",
            "org_id": "15017582-6f6e-41d0-8241-a8b2062587ab",
            "routed_for_networks": null,
            "subnet": "{{mww_voip}}/{{mww_voip_cidr}}",
            "subnet6": null,
            "tenants": null,
            "vlan_id": "500",
            "vpn_access": {
              "OrgOverlay": {
                "advertised_subnet": null,
                "allow_ping": null,
                "destination_nat": null,
                "nat_pool": null,
                "no_readvertise_to_lan_bgp": false,
                "no_readvertise_to_lan_ospf": false,
                "no_readvertise_to_overlay": null,
                "other_vrfs": [],
                "routed": true,
                "source_nat": null,
                "static_nat": null,
                "summarized_subnet": null,
                "summarized_subnet_to_lan_bgp": null,
                "summarized_subnet_to_lan_ospf": null
              }
            }
          },
          "sensitive_attributes": [],
          "dependencies": [
            "mist_org.terraform_test"
          ]
        }
      ]
    },
    {
      "mode": "managed",
      "type": "mist_org_network",
      "name": "network_MWW_WORKSTATIONS77",
      "provider": "provider[\"registry.terraform.io/juniper/mist\"]",
      "instances": [
        {
          "schema_version": 0,
          "attributes": {
            "disallow_mist_services": true,
            "gateway": null,
            "gateway6": null,
            "id": "a2c08a4d-3785-4dc8-8a12-256fc902cbaa",
            "internal_access": null,
            "internet_access": null,
            "isolation": true,
            "name": "MWW_WORKSTATIONS",
            "org_id": "15017582-6f6e-41d0-8241-a8b2062587ab",
            "routed_for_networks": null,
            "subnet": "{{mww_workstations}}/{{mww_workstations_cidr}}",
            "subnet6": null,
            "tenants": null,
            "vlan_id": "101",
            "vpn_access": {
              "OrgOverlay": {
                "advertised_subnet": null,
                "allow_ping": null,
                "destination_nat": null,
                "nat_pool": null,
                "no_readvertise_to_lan_bgp": false,
                "no_readvertise_to_lan_ospf": false,
                "no_readvertise_to_overlay": null,
                "other_vrfs": [],
                "routed": true,
                "source_nat": null,
                "static_nat": null,
                "summarized_subnet": null,
                "summarized_subnet_to_lan_bgp": null,
                "summarized_subnet_to_lan_ospf": null
              }
            }
          },
          "sensitive_attributes": [],
          "dependencies": [
            "mist_org.terraform_test"
          ]
        }
      ]
    },
    {
      "mode": "managed",
      "type": "mist_org_network",
      "name": "network_MWW_WORKSTATIONS_VL10153",
      "provider": "provider[\"registry.terraform.io/juniper/mist\"]",
      "instances": [
        {
          "schema_version": 0,
          "attributes": {
            "disallow_mist_services": true,
            "gateway": null,
            "gateway6": null,
            "id": "84c29a31-cfa9-4d2d-a3ef-6a545d062aed",
            "internal_access": null,
            "internet_access": null,
            "isolation": true,
            "name": "MWW_WORKSTATIONS_VL101",
            "org_id": "15017582-6f6e-41d0-8241-a8b2062587ab",
            "routed_for_networks": null,
            "subnet": "{{mww_workstations}}/{{mww_workstations_cidr}}",
            "subnet6": null,
            "tenants": null,
            "vlan_id": "101",
            "vpn_access": {
              "OrgOverlay": {
                "advertised_subnet": null,
                "allow_ping": null,
                "destination_nat": null,
                "nat_pool": null,
                "no_readvertise_to_lan_bgp": false,
                "no_readvertise_to_lan_ospf": false,
                "no_readvertise_to_overlay": null,
                "other_vrfs": [],
                "routed": true,
                "source_nat": null,
                "static_nat": null,
                "summarized_subnet": null,
                "summarized_subnet_to_lan_bgp": null,
                "summarized_subnet_to_lan_ospf": null
              }
            }
          },
          "sensitive_attributes": [],
          "dependencies": [
            "mist_org.terraform_test"
          ]
        }
      ]
    },
    {
      "mode": "managed",
      "type": "mist_org_network",
      "name": "network_NEXPOSE_1012",
      "provider": "provider[\"registry.terraform.io/juniper/mist\"]",
      "instances": [
        {
          "schema_version": 0,
          "attributes": {
            "disallow_mist_services": true,
            "gateway": null,
            "gateway6": null,
            "id": "f0c083b5-1786-43ff-a34b-ff0310427487",
            "internal_access": null,
            "internet_access": null,
            "isolation": true,
            "name": "NEXPOSE-10",
            "org_id": "15017582-6f6e-41d0-8241-a8b2062587ab",
            "routed_for_networks": null,
            "subnet": "10.0.0.0/8",
            "subnet6": null,
            "tenants": {
              "CTC_NEXPOSE1": {
                "addresses": [
                  "10.2.36.21/32",
                  "10.2.36.29/32",
                  "10.127.20.201/32",
                  "10.18.27.135/32",
                  "10.18.27.136/32",
                  "10.100.249.30/32",
                  "10.100.249.31/32",
                  "10.100.249.32/32",
                  "10.100.249.33/32",
                  "10.100.249.34/32",
                  "10.100.249.35/32",
                  "10.100.249.36/32",
                  "10.100.249.37/32",
                  "10.127.26.200/32",
                  "10.127.26.201/32",
                  "10.127.26.202/32",
                  "10.127.26.203/32",
                  "10.127.26.204/32",
                  "10.127.26.205/32",
                  "10.127.26.206/32",
                  "10.127.26.207/32",
                  "10.127.26.208/32",
                  "10.127.26.209/32",
                  "10.127.26.210/32",
                  "10.127.26.211/32",
                  "10.127.26.212/32",
                  "10.127.26.224/32",
                  "10.127.26.225/32",
                  "10.127.26.226/32",
                  "10.127.26.227/32",
                  "10.127.26.228/32",
                  "10.127.26.229/32",
                  "10.127.26.230/32",
                  "10.127.26.231/32",
                  "10.127.26.232/32",
                  "10.127.26.233/32"
                ]
              }
            },
            "vlan_id": "3797",
            "vpn_access": {
              "OrgOverlay": {
                "advertised_subnet": null,
                "allow_ping": null,
                "destination_nat": null,
                "nat_pool": null,
                "no_readvertise_to_lan_bgp": false,
                "no_readvertise_to_lan_ospf": false,
                "no_readvertise_to_overlay": null,
                "other_vrfs": [],
                "routed": true,
                "source_nat": null,
                "static_nat": null,
                "summarized_subnet": null,
                "summarized_subnet_to_lan_bgp": null,
                "summarized_subnet_to_lan_ospf": null
              }
            }
          },
          "sensitive_attributes": [],
          "dependencies": [
            "mist_org.terraform_test"
          ]
        }
      ]
    },
    {
      "mode": "managed",
      "type": "mist_org_network",
      "name": "network_NEXPOSE_172139",
      "provider": "provider[\"registry.terraform.io/juniper/mist\"]",
      "instances": [
        {
          "schema_version": 0,
          "attributes": {
            "disallow_mist_services": true,
            "gateway": null,
            "gateway6": null,
            "id": "740797f0-5b48-4570-b507-5ca01562e797",
            "internal_access": null,
            "internet_access": null,
            "isolation": true,
            "name": "NEXPOSE-172",
            "org_id": "15017582-6f6e-41d0-8241-a8b2062587ab",
            "routed_for_networks": null,
            "subnet": "172.16.0.0/20",
            "subnet6": null,
            "tenants": {
              "CTC_NEXPOSE2": {
                "addresses": [
                  "172.31.98.50/32",
                  "172.31.98.51/32",
                  "172.22.3.20/32",
                  "172.22.36.154/32",
                  "172.25.36.65/32"
                ]
              }
            },
            "vlan_id": "3797",
            "vpn_access": {
              "OrgOverlay": {
                "advertised_subnet": null,
                "allow_ping": null,
                "destination_nat": null,
                "nat_pool": null,
                "no_readvertise_to_lan_bgp": false,
                "no_readvertise_to_lan_ospf": false,
                "no_readvertise_to_overlay": null,
                "other_vrfs": [],
                "routed": true,
                "source_nat": null,
                "static_nat": null,
                "summarized_subnet": null,
                "summarized_subnet_to_lan_bgp": null,
                "summarized_subnet_to_lan_ospf": null
              }
            }
          },
          "sensitive_attributes": [],
          "dependencies": [
            "mist_org.terraform_test"
          ]
        }
      ]
    },
    {
      "mode": "managed",
      "type": "mist_org_network",
      "name": "network_OMNIBUS_10198",
      "provider": "provider[\"registry.terraform.io/juniper/mist\"]",
      "instances": [
        {
          "schema_version": 0,
          "attributes": {
            "disallow_mist_services": true,
            "gateway": null,
            "gateway6": null,
            "id": "f0204c6a-0896-4c56-bd95-39eb42cb11f9",
            "internal_access": null,
            "internet_access": null,
            "isolation": true,
            "name": "OMNIBUS-10",
            "org_id": "15017582-6f6e-41d0-8241-a8b2062587ab",
            "routed_for_networks": null,
            "subnet": "10.0.0.0/8",
            "subnet6": null,
            "tenants": {
              "CTC_OMNIBUS": {
                "addresses": [
                  "10.126.18.51/32",
                  "10.126.22.54/32",
                  "10.126.26.51/32",
                  "10.126.26.52/32",
                  "10.18.218.62/32"
                ]
              }
            },
            "vlan_id": "3797",
            "vpn_access": {
              "OrgOverlay": {
                "advertised_subnet": null,
                "allow_ping": null,
                "destination_nat": null,
                "nat_pool": null,
                "no_readvertise_to_lan_bgp": false,
                "no_readvertise_to_lan_ospf": false,
                "no_readvertise_to_overlay": null,
                "other_vrfs": [],
                "routed": true,
                "source_nat": null,
                "static_nat": null,
                "summarized_subnet": null,
                "summarized_subnet_to_lan_bgp": null,
                "summarized_subnet_to_lan_ospf": null
              }
            }
          },
          "sensitive_attributes": [],
          "dependencies": [
            "mist_org.terraform_test"
          ]
        }
      ]
    },
    {
      "mode": "managed",
      "type": "mist_org_network",
      "name": "network_PC_0834_Subnets_10205",
      "provider": "provider[\"registry.terraform.io/juniper/mist\"]",
      "instances": [
        {
          "schema_version": 0,
          "attributes": {
            "disallow_mist_services": true,
            "gateway": null,
            "gateway6": null,
            "id": "c688273a-8104-4d98-a156-75cf16deb8f9",
            "internal_access": null,
            "internet_access": null,
            "isolation": true,
            "name": "PC_0834_Subnets_10",
            "org_id": "15017582-6f6e-41d0-8241-a8b2062587ab",
            "routed_for_networks": null,
            "subnet": "10.0.0.0/8",
            "subnet6": null,
            "tenants": {
              "PC_0834_VLAN-2-3-4-21": {
                "addresses": [
                  "10.221.4.0/22"
                ]
              },
              "PC_0834_VLAN-31-32": {
                "addresses": [
                  "10.238.130.0/23"
                ]
              },
              "PC_0834_VLAN-5": {
                "addresses": [
                  "10.227.65.0/24"
                ]
              },
              "PC_0834_VLAN-6-61-63": {
                "addresses": [
                  "10.141.4.0/22"
                ]
              }
            },
            "vlan_id": "3797",
            "vpn_access": {
              "OrgOverlay": {
                "advertised_subnet": null,
                "allow_ping": null,
                "destination_nat": null,
                "nat_pool": null,
                "no_readvertise_to_lan_bgp": false,
                "no_readvertise_to_lan_ospf": false,
                "no_readvertise_to_overlay": null,
                "other_vrfs": [],
                "routed": true,
                "source_nat": null,
                "static_nat": null,
                "summarized_subnet": null,
                "summarized_subnet_to_lan_bgp": null,
                "summarized_subnet_to_lan_ospf": null
              }
            }
          },
          "sensitive_attributes": [],
          "dependencies": [
            "mist_org.terraform_test"
          ]
        }
      ]
    },
    {
      "mode": "managed",
      "type": "mist_org_network",
      "name": "network_PC_0843_Subnets_10247",
      "provider": "provider[\"registry.terraform.io/juniper/mist\"]",
      "instances": [
        {
          "schema_version": 0,
          "attributes": {
            "disallow_mist_services": true,
            "gateway": null,
            "gateway6": null,
            "id": "ddacd3f8-d1fb-4a34-b9bb-36f5c067a047",
            "internal_access": null,
            "internet_access": null,
            "isolation": true,
            "name": "PC_0843_Subnets_10",
            "org_id": "15017582-6f6e-41d0-8241-a8b2062587ab",
            "routed_for_networks": null,
            "subnet": "10.0.0.0/8",
            "subnet6": null,
            "tenants": {
              "PC_0843_VLAN-2-3-4-21": {
                "addresses": [
                  "10.221.40.0/22"
                ]
              },
              "PC_0843_VLAN-31-32": {
                "addresses": [
                  "10.238.148.0/23"
                ]
              },
              "PC_0843_VLAN-5": {
                "addresses": [
                  "10.227.74.0/24"
                ]
              },
              "PC_0843_VLAN-6-61-63": {
                "addresses": [
                  "10.141.40.0/22"
                ]
              }
            },
            "vlan_id": "3797",
            "vpn_access": {
              "OrgOverlay": {
                "advertised_subnet": null,
                "allow_ping": null,
                "destination_nat": null,
                "nat_pool": null,
                "no_readvertise_to_lan_bgp": false,
                "no_readvertise_to_lan_ospf": false,
                "no_readvertise_to_overlay": null,
                "other_vrfs": [],
                "routed": true,
                "source_nat": null,
                "static_nat": null,
                "summarized_subnet": null,
                "summarized_subnet_to_lan_bgp": null,
                "summarized_subnet_to_lan_ospf": null
              }
            }
          },
          "sensitive_attributes": [],
          "dependencies": [
            "mist_org.terraform_test"
          ]
        }
      ]
    },
    {
      "mode": "managed",
      "type": "mist_org_network",
      "name": "network_PC_3P_DIGITAL67",
      "provider": "provider[\"registry.terraform.io/juniper/mist\"]",
      "instances": [
        {
          "schema_version": 0,
          "attributes": {
            "disallow_mist_services": true,
            "gateway": null,
            "gateway6": null,
            "id": "5a0f87ec-964d-47a1-b2fb-9d87659e5a42",
            "internal_access": null,
            "internet_access": null,
            "isolation": true,
            "name": "PC_3P-DIGITAL",
            "org_id": "15017582-6f6e-41d0-8241-a8b2062587ab",
            "routed_for_networks": null,
            "subnet": "{{pc_3p_digital}}/{{pc_3p_digital_cidr}}",
            "subnet6": null,
            "tenants": null,
            "vlan_id": "7",
            "vpn_access": {
              "OrgOverlay": {
                "advertised_subnet": null,
                "allow_ping": null,
                "destination_nat": null,
                "nat_pool": null,
                "no_readvertise_to_lan_bgp": false,
                "no_readvertise_to_lan_ospf": false,
                "no_readvertise_to_overlay": null,
                "other_vrfs": [],
                "routed": true,
                "source_nat": null,
                "static_nat": null,
                "summarized_subnet": null,
                "summarized_subnet_to_lan_bgp": null,
                "summarized_subnet_to_lan_ospf": null
              }
            }
          },
          "sensitive_attributes": [],
          "dependencies": [
            "mist_org.terraform_test"
          ]
        }
      ]
    },
    {
      "mode": "managed",
      "type": "mist_org_network",
      "name": "network_PC_3P_DIGITAL_VL7112",
      "provider": "provider[\"registry.terraform.io/juniper/mist\"]",
      "instances": [
        {
          "schema_version": 0,
          "attributes": {
            "disallow_mist_services": true,
            "gateway": null,
            "gateway6": null,
            "id": "47fc1c78-0740-43bc-a53f-2e53802aa3a7",
            "internal_access": null,
            "internet_access": null,
            "isolation": true,
            "name": "PC_3P-DIGITAL_VL7",
            "org_id": "15017582-6f6e-41d0-8241-a8b2062587ab",
            "routed_for_networks": null,
            "subnet": "{{pc_3p_digital}}/{{pc_3p_digital_cidr}}",
            "subnet6": null,
            "tenants": null,
            "vlan_id": "7",
            "vpn_access": {
              "OrgOverlay": {
                "advertised_subnet": null,
                "allow_ping": null,
                "destination_nat": null,
                "nat_pool": null,
                "no_readvertise_to_lan_bgp": false,
                "no_readvertise_to_lan_ospf": false,
                "no_readvertise_to_overlay": null,
                "other_vrfs": [],
                "routed": true,
                "source_nat": null,
                "static_nat": null,
                "summarized_subnet": null,
                "summarized_subnet_to_lan_bgp": null,
                "summarized_subnet_to_lan_ospf": null
              }
            }
          },
          "sensitive_attributes": [],
          "dependencies": [
            "mist_org.terraform_test"
          ]
        }
      ]
    },
    {
      "mode": "managed",
      "type": "mist_org_network",
      "name": "network_PC_CORP_WIRED66",
      "provider": "provider[\"registry.terraform.io/juniper/mist\"]",
      "instances": [
        {
          "schema_version": 0,
          "attributes": {
            "disallow_mist_services": true,
            "gateway": null,
            "gateway6": null,
            "id": "47c11bb5-73d1-42dd-9f3b-9479be75f9ff",
            "internal_access": null,
            "internet_access": null,
            "isolation": true,
            "name": "PC_CORP-WIRED",
            "org_id": "15017582-6f6e-41d0-8241-a8b2062587ab",
            "routed_for_networks": null,
            "subnet": "{{pc_corp_wired}}/{{pc_corp_wired_cidr}}",
            "subnet6": null,
            "tenants": null,
            "vlan_id": "2",
            "vpn_access": {
              "OrgOverlay": {
                "advertised_subnet": null,
                "allow_ping": null,
                "destination_nat": null,
                "nat_pool": null,
                "no_readvertise_to_lan_bgp": false,
                "no_readvertise_to_lan_ospf": false,
                "no_readvertise_to_overlay": null,
                "other_vrfs": [],
                "routed": true,
                "source_nat": null,
                "static_nat": null,
                "summarized_subnet": null,
                "summarized_subnet_to_lan_bgp": null,
                "summarized_subnet_to_lan_ospf": null
              }
            }
          },
          "sensitive_attributes": [],
          "dependencies": [
            "mist_org.terraform_test"
          ]
        }
      ]
    },
    {
      "mode": "managed",
      "type": "mist_org_network",
      "name": "network_PC_CORP_WIRED_VL298",
      "provider": "provider[\"registry.terraform.io/juniper/mist\"]",
      "instances": [
        {
          "schema_version": 0,
          "attributes": {
            "disallow_mist_services": true,
            "gateway": null,
            "gateway6": null,
            "id": "63fb8138-abc8-49c0-9b89-89a81375f085",
            "internal_access": null,
            "internet_access": null,
            "isolation": true,
            "name": "PC_CORP-WIRED_VL2",
            "org_id": "15017582-6f6e-41d0-8241-a8b2062587ab",
            "routed_for_networks": null,
            "subnet": "{{pc_corp_wired}}/{{pc_corp_wired_cidr}}",
            "subnet6": null,
            "tenants": null,
            "vlan_id": "2",
            "vpn_access": {
              "OrgOverlay": {
                "advertised_subnet": null,
                "allow_ping": null,
                "destination_nat": null,
                "nat_pool": null,
                "no_readvertise_to_lan_bgp": false,
                "no_readvertise_to_lan_ospf": false,
                "no_readvertise_to_overlay": null,
                "other_vrfs": [],
                "routed": true,
                "source_nat": null,
                "static_nat": null,
                "summarized_subnet": null,
                "summarized_subnet_to_lan_bgp": null,
                "summarized_subnet_to_lan_ospf": null
              }
            }
          },
          "sensitive_attributes": [],
          "dependencies": [
            "mist_org.terraform_test"
          ]
        }
      ]
    },
    {
      "mode": "managed",
      "type": "mist_org_network",
      "name": "network_PC_D_VOIP14",
      "provider": "provider[\"registry.terraform.io/juniper/mist\"]",
      "instances": [
        {
          "schema_version": 0,
          "attributes": {
            "disallow_mist_services": true,
            "gateway": null,
            "gateway6": null,
            "id": "0990aacd-41a5-46cf-9a0b-c5d350874b7a",
            "internal_access": null,
            "internet_access": null,
            "isolation": true,
            "name": "PC_D-VOIP",
            "org_id": "15017582-6f6e-41d0-8241-a8b2062587ab",
            "routed_for_networks": null,
            "subnet": "{{pc_d_voip}}/{{pc_d_voip_cidr}}",
            "subnet6": null,
            "tenants": null,
            "vlan_id": "63",
            "vpn_access": null
          },
          "sensitive_attributes": [],
          "dependencies": [
            "mist_org.terraform_test"
          ]
        }
      ]
    },
    {
      "mode": "managed",
      "type": "mist_org_network",
      "name": "network_PC_D_VOIP_VL63226",
      "provider": "provider[\"registry.terraform.io/juniper/mist\"]",
      "instances": [
        {
          "schema_version": 0,
          "attributes": {
            "disallow_mist_services": true,
            "gateway": null,
            "gateway6": null,
            "id": "773a58a7-1e8b-4ee9-a6e5-017ca04c6911",
            "internal_access": null,
            "internet_access": null,
            "isolation": true,
            "name": "PC_D-VOIP_VL63",
            "org_id": "15017582-6f6e-41d0-8241-a8b2062587ab",
            "routed_for_networks": null,
            "subnet": "{{pc_d_voip}}/{{pc_d_voip_cidr}}",
            "subnet6": null,
            "tenants": {
              "Any": {
                "addresses": [
                  "0.0.0.0/0"
                ]
              }
            },
            "vlan_id": "63",
            "vpn_access": {
              "OrgOverlay": {
                "advertised_subnet": null,
                "allow_ping": null,
                "destination_nat": null,
                "nat_pool": null,
                "no_readvertise_to_lan_bgp": false,
                "no_readvertise_to_lan_ospf": false,
                "no_readvertise_to_overlay": false,
                "other_vrfs": [],
                "routed": true,
                "source_nat": null,
                "static_nat": null,
                "summarized_subnet": null,
                "summarized_subnet_to_lan_bgp": null,
                "summarized_subnet_to_lan_ospf": null
              }
            }
          },
          "sensitive_attributes": [],
          "dependencies": [
            "mist_org.terraform_test"
          ]
        }
      ]
    },
    {
      "mode": "managed",
      "type": "mist_org_network",
      "name": "network_PC_D_WIRED24",
      "provider": "provider[\"registry.terraform.io/juniper/mist\"]",
      "instances": [
        {
          "schema_version": 0,
          "attributes": {
            "disallow_mist_services": true,
            "gateway": null,
            "gateway6": null,
            "id": "ea1bc781-bfc0-48b9-a8df-92d7fdcf0448",
            "internal_access": null,
            "internet_access": null,
            "isolation": true,
            "name": "PC_D-WIRED",
            "org_id": "15017582-6f6e-41d0-8241-a8b2062587ab",
            "routed_for_networks": null,
            "subnet": "{{pc_d_wired}}/{{pc_d_wired_cidr}}",
            "subnet6": null,
            "tenants": null,
            "vlan_id": "6",
            "vpn_access": null
          },
          "sensitive_attributes": [],
          "dependencies": [
            "mist_org.terraform_test"
          ]
        }
      ]
    },
    {
      "mode": "managed",
      "type": "mist_org_network",
      "name": "network_PC_D_WIRELESS37",
      "provider": "provider[\"registry.terraform.io/juniper/mist\"]",
      "instances": [
        {
          "schema_version": 0,
          "attributes": {
            "disallow_mist_services": true,
            "gateway": null,
            "gateway6": null,
            "id": "9279c94d-e955-4a50-bed8-8a224eb921a8",
            "internal_access": null,
            "internet_access": null,
            "isolation": true,
            "name": "PC_D-WIRELESS",
            "org_id": "15017582-6f6e-41d0-8241-a8b2062587ab",
            "routed_for_networks": null,
            "subnet": "{{pc_d_wireless}}/{{pc_d_wireless_cidr}}",
            "subnet6": null,
            "tenants": null,
            "vlan_id": "61",
            "vpn_access": null
          },
          "sensitive_attributes": [],
          "dependencies": [
            "mist_org.terraform_test"
          ]
        }
      ]
    },
    {
      "mode": "managed",
      "type": "mist_org_network",
      "name": "network_PC_D_WIRELESS_VL61250",
      "provider": "provider[\"registry.terraform.io/juniper/mist\"]",
      "instances": [
        {
          "schema_version": 0,
          "attributes": {
            "disallow_mist_services": true,
            "gateway": null,
            "gateway6": null,
            "id": "bed3282f-1e80-40a7-9930-6811ce56d179",
            "internal_access": null,
            "internet_access": null,
            "isolation": true,
            "name": "PC_D-WIRELESS_VL61",
            "org_id": "15017582-6f6e-41d0-8241-a8b2062587ab",
            "routed_for_networks": null,
            "subnet": "{{pc_d_wireless}}/{{pc_d_wireless_cidr}}",
            "subnet6": null,
            "tenants": {
              "Any": {
                "addresses": [
                  "0.0.0.0/0"
                ]
              }
            },
            "vlan_id": "61",
            "vpn_access": {
              "OrgOverlay": {
                "advertised_subnet": null,
                "allow_ping": null,
                "destination_nat": null,
                "nat_pool": null,
                "no_readvertise_to_lan_bgp": false,
                "no_readvertise_to_lan_ospf": false,
                "no_readvertise_to_overlay": false,
                "other_vrfs": [],
                "routed": true,
                "source_nat": null,
                "static_nat": null,
                "summarized_subnet": null,
                "summarized_subnet_to_lan_bgp": null,
                "summarized_subnet_to_lan_ospf": null
              }
            }
          },
          "sensitive_attributes": [],
          "dependencies": [
            "mist_org.terraform_test"
          ]
        }
      ]
    },
    {
      "mode": "managed",
      "type": "mist_org_network",
      "name": "network_PC_EFD_VOIP36",
      "provider": "provider[\"registry.terraform.io/juniper/mist\"]",
      "instances": [
        {
          "schema_version": 0,
          "attributes": {
            "disallow_mist_services": true,
            "gateway": null,
            "gateway6": null,
            "id": "b2ea8d55-1c51-4a82-bd6a-ade8f14ce8cf",
            "internal_access": null,
            "internet_access": null,
            "isolation": true,
            "name": "PC_EFD-VOIP",
            "org_id": "15017582-6f6e-41d0-8241-a8b2062587ab",
            "routed_for_networks": null,
            "subnet": "{{pc_efd_voip}}/{{pc_efd_voip_cidr}}",
            "subnet6": null,
            "tenants": null,
            "vlan_id": "31",
            "vpn_access": {
              "OrgOverlay": {
                "advertised_subnet": null,
                "allow_ping": null,
                "destination_nat": null,
                "nat_pool": null,
                "no_readvertise_to_lan_bgp": false,
                "no_readvertise_to_lan_ospf": false,
                "no_readvertise_to_overlay": null,
                "other_vrfs": [],
                "routed": true,
                "source_nat": null,
                "static_nat": null,
                "summarized_subnet": null,
                "summarized_subnet_to_lan_bgp": null,
                "summarized_subnet_to_lan_ospf": null
              }
            }
          },
          "sensitive_attributes": [],
          "dependencies": [
            "mist_org.terraform_test"
          ]
        }
      ]
    },
    {
      "mode": "managed",
      "type": "mist_org_network",
      "name": "network_PC_EFD_VOIP_VL31178",
      "provider": "provider[\"registry.terraform.io/juniper/mist\"]",
      "instances": [
        {
          "schema_version": 0,
          "attributes": {
            "disallow_mist_services": true,
            "gateway": null,
            "gateway6": null,
            "id": "eebafae3-a031-44ca-b625-fa7b8400eefc",
            "internal_access": null,
            "internet_access": null,
            "isolation": true,
            "name": "PC_EFD-VOIP_VL31",
            "org_id": "15017582-6f6e-41d0-8241-a8b2062587ab",
            "routed_for_networks": null,
            "subnet": "{{pc_efd_voip}}/{{pc_efd_voip_cidr}}",
            "subnet6": null,
            "tenants": null,
            "vlan_id": "31",
            "vpn_access": {
              "OrgOverlay": {
                "advertised_subnet": null,
                "allow_ping": null,
                "destination_nat": null,
                "nat_pool": null,
                "no_readvertise_to_lan_bgp": false,
                "no_readvertise_to_lan_ospf": false,
                "no_readvertise_to_overlay": null,
                "other_vrfs": [],
                "routed": true,
                "source_nat": null,
                "static_nat": null,
                "summarized_subnet": null,
                "summarized_subnet_to_lan_bgp": null,
                "summarized_subnet_to_lan_ospf": null
              }
            }
          },
          "sensitive_attributes": [],
          "dependencies": [
            "mist_org.terraform_test"
          ]
        }
      ]
    },
    {
      "mode": "managed",
      "type": "mist_org_network",
      "name": "network_PC_ESL53",
      "provider": "provider[\"registry.terraform.io/juniper/mist\"]",
      "instances": [
        {
          "schema_version": 0,
          "attributes": {
            "disallow_mist_services": true,
            "gateway": null,
            "gateway6": null,
            "id": "dce39ffc-a254-49a1-aeae-ab2ae8be40eb",
            "internal_access": null,
            "internet_access": null,
            "isolation": true,
            "name": "PC_ESL",
            "org_id": "15017582-6f6e-41d0-8241-a8b2062587ab",
            "routed_for_networks": null,
            "subnet": "{{pc_esl}}/{{pc_esl_cidr}}",
            "subnet6": null,
            "tenants": null,
            "vlan_id": "52",
            "vpn_access": {
              "OrgOverlay": {
                "advertised_subnet": null,
                "allow_ping": null,
                "destination_nat": null,
                "nat_pool": null,
                "no_readvertise_to_lan_bgp": false,
                "no_readvertise_to_lan_ospf": false,
                "no_readvertise_to_overlay": null,
                "other_vrfs": [],
                "routed": true,
                "source_nat": null,
                "static_nat": null,
                "summarized_subnet": null,
                "summarized_subnet_to_lan_bgp": null,
                "summarized_subnet_to_lan_ospf": null
              }
            }
          },
          "sensitive_attributes": [],
          "dependencies": [
            "mist_org.terraform_test"
          ]
        }
      ]
    },
    {
      "mode": "managed",
      "type": "mist_org_network",
      "name": "network_PC_ESL_VL5291",
      "provider": "provider[\"registry.terraform.io/juniper/mist\"]",
      "instances": [
        {
          "schema_version": 0,
          "attributes": {
            "disallow_mist_services": true,
            "gateway": null,
            "gateway6": null,
            "id": "fcca6887-4c79-451f-9212-cb8cc17ebb0d",
            "internal_access": null,
            "internet_access": null,
            "isolation": true,
            "name": "PC_ESL_VL52",
            "org_id": "15017582-6f6e-41d0-8241-a8b2062587ab",
            "routed_for_networks": null,
            "subnet": "{{pc_esl}}/{{pc_esl_cidr}}",
            "subnet6": null,
            "tenants": null,
            "vlan_id": "52",
            "vpn_access": {
              "OrgOverlay": {
                "advertised_subnet": null,
                "allow_ping": null,
                "destination_nat": null,
                "nat_pool": null,
                "no_readvertise_to_lan_bgp": false,
                "no_readvertise_to_lan_ospf": false,
                "no_readvertise_to_overlay": null,
                "other_vrfs": [],
                "routed": true,
                "source_nat": null,
                "static_nat": null,
                "summarized_subnet": null,
                "summarized_subnet_to_lan_bgp": null,
                "summarized_subnet_to_lan_ospf": null
              }
            }
          },
          "sensitive_attributes": [],
          "dependencies": [
            "mist_org.terraform_test"
          ]
        }
      ]
    },
    {
      "mode": "managed",
      "type": "mist_org_network",
      "name": "network_PC_FRONTIER45",
      "provider": "provider[\"registry.terraform.io/juniper/mist\"]",
      "instances": [
        {
          "schema_version": 0,
          "attributes": {
            "disallow_mist_services": true,
            "gateway": null,
            "gateway6": null,
            "id": "d1959bdd-89a1-4a3d-acea-07ae82427fe2",
            "internal_access": null,
            "internet_access": null,
            "isolation": true,
            "name": "PC_FRONTIER",
            "org_id": "15017582-6f6e-41d0-8241-a8b2062587ab",
            "routed_for_networks": null,
            "subnet": "{{pc_frontier}}/{{pc_frontier_cidr}}",
            "subnet6": null,
            "tenants": null,
            "vlan_id": "51",
            "vpn_access": {
              "OrgOverlay": {
                "advertised_subnet": null,
                "allow_ping": null,
                "destination_nat": null,
                "nat_pool": null,
                "no_readvertise_to_lan_bgp": false,
                "no_readvertise_to_lan_ospf": false,
                "no_readvertise_to_overlay": null,
                "other_vrfs": [],
                "routed": true,
                "source_nat": null,
                "static_nat": null,
                "summarized_subnet": null,
                "summarized_subnet_to_lan_bgp": null,
                "summarized_subnet_to_lan_ospf": null
              }
            }
          },
          "sensitive_attributes": [],
          "dependencies": [
            "mist_org.terraform_test"
          ]
        }
      ]
    },
    {
      "mode": "managed",
      "type": "mist_org_network",
      "name": "network_PC_FRONTIER_VL51152",
      "provider": "provider[\"registry.terraform.io/juniper/mist\"]",
      "instances": [
        {
          "schema_version": 0,
          "attributes": {
            "disallow_mist_services": true,
            "gateway": null,
            "gateway6": null,
            "id": "3a25ed04-d410-4aa7-ad07-06375c65f06b",
            "internal_access": null,
            "internet_access": null,
            "isolation": true,
            "name": "PC_FRONTIER_VL51",
            "org_id": "15017582-6f6e-41d0-8241-a8b2062587ab",
            "routed_for_networks": null,
            "subnet": "{{pc_frontier}}/{{pc_frontier_cidr}}",
            "subnet6": null,
            "tenants": null,
            "vlan_id": "51",
            "vpn_access": {
              "OrgOverlay": {
                "advertised_subnet": null,
                "allow_ping": null,
                "destination_nat": null,
                "nat_pool": null,
                "no_readvertise_to_lan_bgp": false,
                "no_readvertise_to_lan_ospf": false,
                "no_readvertise_to_overlay": null,
                "other_vrfs": [],
                "routed": true,
                "source_nat": null,
                "static_nat": null,
                "summarized_subnet": null,
                "summarized_subnet_to_lan_bgp": null,
                "summarized_subnet_to_lan_ospf": null
              }
            }
          },
          "sensitive_attributes": [],
          "dependencies": [
            "mist_org.terraform_test"
          ]
        }
      ]
    },
    {
      "mode": "managed",
      "type": "mist_org_network",
      "name": "network_PC_GWiFi71",
      "provider": "provider[\"registry.terraform.io/juniper/mist\"]",
      "instances": [
        {
          "schema_version": 0,
          "attributes": {
            "disallow_mist_services": false,
            "gateway": null,
            "gateway6": null,
            "id": "7bf19e5f-b841-46dd-9273-75e76371fdb7",
            "internal_access": null,
            "internet_access": null,
            "isolation": true,
            "name": "PC_GWiFi",
            "org_id": "15017582-6f6e-41d0-8241-a8b2062587ab",
            "routed_for_networks": null,
            "subnet": "{{pc_gwifi}}/{{pc_gwifi_cidr}}",
            "subnet6": null,
            "tenants": null,
            "vlan_id": "202",
            "vpn_access": null
          },
          "sensitive_attributes": [],
          "dependencies": [
            "mist_org.terraform_test"
          ]
        }
      ]
    },
    {
      "mode": "managed",
      "type": "mist_org_network",
      "name": "network_PC_GWiFi_VL202169",
      "provider": "provider[\"registry.terraform.io/juniper/mist\"]",
      "instances": [
        {
          "schema_version": 0,
          "attributes": {
            "disallow_mist_services": true,
            "gateway": null,
            "gateway6": null,
            "id": "20bb47f4-12af-4e6b-85ca-3bd88c8e02e5",
            "internal_access": null,
            "internet_access": null,
            "isolation": true,
            "name": "PC_GWiFi_VL202",
            "org_id": "15017582-6f6e-41d0-8241-a8b2062587ab",
            "routed_for_networks": null,
            "subnet": "{{pc_gwifi}}/{{pc_gwifi_cidr}}",
            "subnet6": null,
            "tenants": null,
            "vlan_id": "202",
            "vpn_access": null
          },
          "sensitive_attributes": [],
          "dependencies": [
            "mist_org.terraform_test"
          ]
        }
      ]
    },
    {
      "mode": "managed",
      "type": "mist_org_network",
      "name": "network_PC_LTE_MGMT_VL888232",
      "provider": "provider[\"registry.terraform.io/juniper/mist\"]",
      "instances": [
        {
          "schema_version": 0,
          "attributes": {
            "disallow_mist_services": true,
            "gateway": null,
            "gateway6": null,
            "id": "ecdbd7c6-b37f-43c5-8e24-514aca27a12c",
            "internal_access": null,
            "internet_access": null,
            "isolation": true,
            "name": "PC_LTE-MGMT_VL888",
            "org_id": "15017582-6f6e-41d0-8241-a8b2062587ab",
            "routed_for_networks": null,
            "subnet": "192.168.98.0/30",
            "subnet6": null,
            "tenants": null,
            "vlan_id": "888",
            "vpn_access": {
              "OrgOverlay": {
                "advertised_subnet": null,
                "allow_ping": null,
                "destination_nat": null,
                "nat_pool": "{{pc_natted_ip}}/32",
                "no_readvertise_to_lan_bgp": false,
                "no_readvertise_to_lan_ospf": false,
                "no_readvertise_to_overlay": null,
                "other_vrfs": [],
                "routed": false,
                "source_nat": null,
                "static_nat": {
                  "{{pc_natted_ip}}": {
                    "internal_ip": "192.168.98.2",
                    "name": "SMI-TO-LTE",
                    "wan_name": null
                  }
                },
                "summarized_subnet": null,
                "summarized_subnet_to_lan_bgp": null,
                "summarized_subnet_to_lan_ospf": null
              }
            }
          },
          "sensitive_attributes": [],
          "dependencies": [
            "mist_org.terraform_test"
          ]
        }
      ]
    },
    {
      "mode": "managed",
      "type": "mist_org_network",
      "name": "network_PC_MGMT7",
      "provider": "provider[\"registry.terraform.io/juniper/mist\"]",
      "instances": [
        {
          "schema_version": 0,
          "attributes": {
            "disallow_mist_services": false,
            "gateway": null,
            "gateway6": null,
            "id": "759d07ee-ff5b-4785-922d-94982c58d143",
            "internal_access": null,
            "internet_access": null,
            "isolation": true,
            "name": "PC_MGMT",
            "org_id": "15017582-6f6e-41d0-8241-a8b2062587ab",
            "routed_for_networks": null,
            "subnet": "{{pc_default}}/{{pc_default_cidr}}",
            "subnet6": null,
            "tenants": {
              "PC_Lab_Mgmt": {
                "addresses": [
                  "10.167.186.0/25"
                ]
              }
            },
            "vlan_id": null,
            "vpn_access": {
              "OrgOverlay": {
                "advertised_subnet": null,
                "allow_ping": null,
                "destination_nat": null,
                "nat_pool": null,
                "no_readvertise_to_lan_bgp": false,
                "no_readvertise_to_lan_ospf": false,
                "no_readvertise_to_overlay": null,
                "other_vrfs": [],
                "routed": true,
                "source_nat": null,
                "static_nat": null,
                "summarized_subnet": null,
                "summarized_subnet_to_lan_bgp": null,
                "summarized_subnet_to_lan_ospf": null
              }
            }
          },
          "sensitive_attributes": [],
          "dependencies": [
            "mist_org.terraform_test"
          ]
        }
      ]
    },
    {
      "mode": "managed",
      "type": "mist_org_network",
      "name": "network_PC_MGMT_VL1159",
      "provider": "provider[\"registry.terraform.io/juniper/mist\"]",
      "instances": [
        {
          "schema_version": 0,
          "attributes": {
            "disallow_mist_services": false,
            "gateway": null,
            "gateway6": null,
            "id": "f8b4fd66-46ed-40c5-8363-98325de9ad87",
            "internal_access": null,
            "internet_access": null,
            "isolation": true,
            "name": "PC_MGMT_VL1",
            "org_id": "15017582-6f6e-41d0-8241-a8b2062587ab",
            "routed_for_networks": null,
            "subnet": "{{pc_default}}/{{pc_default_cidr}}",
            "subnet6": null,
            "tenants": null,
            "vlan_id": null,
            "vpn_access": {
              "OrgOverlay": {
                "advertised_subnet": null,
                "allow_ping": null,
                "destination_nat": null,
                "nat_pool": null,
                "no_readvertise_to_lan_bgp": false,
                "no_readvertise_to_lan_ospf": false,
                "no_readvertise_to_overlay": null,
                "other_vrfs": [],
                "routed": true,
                "source_nat": null,
                "static_nat": null,
                "summarized_subnet": null,
                "summarized_subnet_to_lan_bgp": null,
                "summarized_subnet_to_lan_ospf": null
              }
            }
          },
          "sensitive_attributes": [],
          "dependencies": [
            "mist_org.terraform_test"
          ]
        }
      ]
    },
    {
      "mode": "managed",
      "type": "mist_org_network",
      "name": "network_PC_M_PRINT_VL32114",
      "provider": "provider[\"registry.terraform.io/juniper/mist\"]",
      "instances": [
        {
          "schema_version": 0,
          "attributes": {
            "disallow_mist_services": true,
            "gateway": null,
            "gateway6": null,
            "id": "30c1ecdb-ed62-4bf9-b350-735bf6a0a555",
            "internal_access": null,
            "internet_access": null,
            "isolation": true,
            "name": "PC_M-PRINT_VL32",
            "org_id": "15017582-6f6e-41d0-8241-a8b2062587ab",
            "routed_for_networks": null,
            "subnet": "{{pc_m_print}}/{{pc_m_print_cidr}}",
            "subnet6": null,
            "tenants": null,
            "vlan_id": "32",
            "vpn_access": {
              "OrgOverlay": {
                "advertised_subnet": null,
                "allow_ping": null,
                "destination_nat": null,
                "nat_pool": null,
                "no_readvertise_to_lan_bgp": false,
                "no_readvertise_to_lan_ospf": false,
                "no_readvertise_to_overlay": null,
                "other_vrfs": [],
                "routed": true,
                "source_nat": null,
                "static_nat": null,
                "summarized_subnet": null,
                "summarized_subnet_to_lan_bgp": null,
                "summarized_subnet_to_lan_ospf": null
              }
            }
          },
          "sensitive_attributes": [],
          "dependencies": [
            "mist_org.terraform_test"
          ]
        }
      ]
    },
    {
      "mode": "managed",
      "type": "mist_org_network",
      "name": "network_PC_POS52",
      "provider": "provider[\"registry.terraform.io/juniper/mist\"]",
      "instances": [
        {
          "schema_version": 0,
          "attributes": {
            "disallow_mist_services": true,
            "gateway": null,
            "gateway6": null,
            "id": "04f6e407-ff92-403c-b202-880ba7e9e899",
            "internal_access": null,
            "internet_access": null,
            "isolation": true,
            "name": "PC_POS",
            "org_id": "15017582-6f6e-41d0-8241-a8b2062587ab",
            "routed_for_networks": null,
            "subnet": "{{pc_pos}}/{{pc_pos_cidr}}",
            "subnet6": null,
            "tenants": null,
            "vlan_id": "4",
            "vpn_access": {
              "OrgOverlay": {
                "advertised_subnet": null,
                "allow_ping": null,
                "destination_nat": null,
                "nat_pool": null,
                "no_readvertise_to_lan_bgp": false,
                "no_readvertise_to_lan_ospf": false,
                "no_readvertise_to_overlay": null,
                "other_vrfs": [],
                "routed": true,
                "source_nat": null,
                "static_nat": null,
                "summarized_subnet": null,
                "summarized_subnet_to_lan_bgp": null,
                "summarized_subnet_to_lan_ospf": null
              }
            }
          },
          "sensitive_attributes": [],
          "dependencies": [
            "mist_org.terraform_test"
          ]
        }
      ]
    },
    {
      "mode": "managed",
      "type": "mist_org_network",
      "name": "network_PC_POS_VL4167",
      "provider": "provider[\"registry.terraform.io/juniper/mist\"]",
      "instances": [
        {
          "schema_version": 0,
          "attributes": {
            "disallow_mist_services": true,
            "gateway": null,
            "gateway6": null,
            "id": "28edc42e-bf43-4ceb-9e62-46b5a125875c",
            "internal_access": null,
            "internet_access": null,
            "isolation": true,
            "name": "PC_POS_VL4",
            "org_id": "15017582-6f6e-41d0-8241-a8b2062587ab",
            "routed_for_networks": null,
            "subnet": "{{pc_pos}}/{{pc_pos_cidr}}",
            "subnet6": null,
            "tenants": null,
            "vlan_id": "4",
            "vpn_access": {
              "OrgOverlay": {
                "advertised_subnet": null,
                "allow_ping": null,
                "destination_nat": null,
                "nat_pool": null,
                "no_readvertise_to_lan_bgp": false,
                "no_readvertise_to_lan_ospf": false,
                "no_readvertise_to_overlay": null,
                "other_vrfs": [],
                "routed": true,
                "source_nat": null,
                "static_nat": null,
                "summarized_subnet": null,
                "summarized_subnet_to_lan_bgp": null,
                "summarized_subnet_to_lan_ospf": null
              }
            }
          },
          "sensitive_attributes": [],
          "dependencies": [
            "mist_org.terraform_test"
          ]
        }
      ]
    },
    {
      "mode": "managed",
      "type": "mist_org_network",
      "name": "network_PC_RF_GUNS6",
      "provider": "provider[\"registry.terraform.io/juniper/mist\"]",
      "instances": [
        {
          "schema_version": 0,
          "attributes": {
            "disallow_mist_services": true,
            "gateway": null,
            "gateway6": null,
            "id": "2a99ecd4-4144-4ff4-9092-dddcd76c8406",
            "internal_access": null,
            "internet_access": null,
            "isolation": true,
            "name": "PC_RF-GUNS",
            "org_id": "15017582-6f6e-41d0-8241-a8b2062587ab",
            "routed_for_networks": null,
            "subnet": "{{pc_rf_guns}}/{{pc_rf_guns_cidr}}",
            "subnet6": null,
            "tenants": null,
            "vlan_id": "3",
            "vpn_access": {
              "OrgOverlay": {
                "advertised_subnet": null,
                "allow_ping": null,
                "destination_nat": null,
                "nat_pool": null,
                "no_readvertise_to_lan_bgp": false,
                "no_readvertise_to_lan_ospf": false,
                "no_readvertise_to_overlay": null,
                "other_vrfs": [],
                "routed": true,
                "source_nat": null,
                "static_nat": null,
                "summarized_subnet": null,
                "summarized_subnet_to_lan_bgp": null,
                "summarized_subnet_to_lan_ospf": null
              }
            }
          },
          "sensitive_attributes": [],
          "dependencies": [
            "mist_org.terraform_test"
          ]
        }
      ]
    },
    {
      "mode": "managed",
      "type": "mist_org_network",
      "name": "network_PC_RF_GUNS_VL3173",
      "provider": "provider[\"registry.terraform.io/juniper/mist\"]",
      "instances": [
        {
          "schema_version": 0,
          "attributes": {
            "disallow_mist_services": true,
            "gateway": null,
            "gateway6": null,
            "id": "4a66f885-f676-4f31-aa1a-1ba0dc15537b",
            "internal_access": null,
            "internet_access": null,
            "isolation": true,
            "name": "PC_RF-GUNS_VL3",
            "org_id": "15017582-6f6e-41d0-8241-a8b2062587ab",
            "routed_for_networks": null,
            "subnet": "{{pc_rf_guns}}/{{pc_rf_guns_cidr}}",
            "subnet6": null,
            "tenants": null,
            "vlan_id": "3",
            "vpn_access": {
              "OrgOverlay": {
                "advertised_subnet": null,
                "allow_ping": null,
                "destination_nat": null,
                "nat_pool": null,
                "no_readvertise_to_lan_bgp": false,
                "no_readvertise_to_lan_ospf": false,
                "no_readvertise_to_overlay": null,
                "other_vrfs": [],
                "routed": true,
                "source_nat": null,
                "static_nat": null,
                "summarized_subnet": null,
                "summarized_subnet_to_lan_bgp": null,
                "summarized_subnet_to_lan_ospf": null
              }
            }
          },
          "sensitive_attributes": [],
          "dependencies": [
            "mist_org.terraform_test"
          ]
        }
      ]
    },
    {
      "mode": "managed",
      "type": "mist_org_network",
      "name": "network_PC_SQUID68",
      "provider": "provider[\"registry.terraform.io/juniper/mist\"]",
      "instances": [
        {
          "schema_version": 0,
          "attributes": {
            "disallow_mist_services": true,
            "gateway": null,
            "gateway6": null,
            "id": "20c25724-7bb7-419b-b65e-54f94a57265a",
            "internal_access": null,
            "internet_access": null,
            "isolation": true,
            "name": "PC_SQUID",
            "org_id": "15017582-6f6e-41d0-8241-a8b2062587ab",
            "routed_for_networks": null,
            "subnet": "{{pc_squid}}/{{pc_squid_cidr}}",
            "subnet6": null,
            "tenants": null,
            "vlan_id": "53",
            "vpn_access": {
              "OrgOverlay": {
                "advertised_subnet": null,
                "allow_ping": null,
                "destination_nat": null,
                "nat_pool": null,
                "no_readvertise_to_lan_bgp": false,
                "no_readvertise_to_lan_ospf": false,
                "no_readvertise_to_overlay": null,
                "other_vrfs": [],
                "routed": true,
                "source_nat": null,
                "static_nat": null,
                "summarized_subnet": null,
                "summarized_subnet_to_lan_bgp": null,
                "summarized_subnet_to_lan_ospf": null
              }
            }
          },
          "sensitive_attributes": [],
          "dependencies": [
            "mist_org.terraform_test"
          ]
        }
      ]
    },
    {
      "mode": "managed",
      "type": "mist_org_network",
      "name": "network_PC_SQUID_VL53164",
      "provider": "provider[\"registry.terraform.io/juniper/mist\"]",
      "instances": [
        {
          "schema_version": 0,
          "attributes": {
            "disallow_mist_services": true,
            "gateway": null,
            "gateway6": null,
            "id": "b6495a6d-0218-4f8e-b0ff-c4502376d27e",
            "internal_access": null,
            "internet_access": null,
            "isolation": true,
            "name": "PC_SQUID_VL53",
            "org_id": "15017582-6f6e-41d0-8241-a8b2062587ab",
            "routed_for_networks": null,
            "subnet": "{{pc_squid}}/{{pc_squid_cidr}}",
            "subnet6": null,
            "tenants": null,
            "vlan_id": "53",
            "vpn_access": {
              "OrgOverlay": {
                "advertised_subnet": null,
                "allow_ping": null,
                "destination_nat": null,
                "nat_pool": null,
                "no_readvertise_to_lan_bgp": false,
                "no_readvertise_to_lan_ospf": false,
                "no_readvertise_to_overlay": null,
                "other_vrfs": [],
                "routed": true,
                "source_nat": null,
                "static_nat": null,
                "summarized_subnet": null,
                "summarized_subnet_to_lan_bgp": null,
                "summarized_subnet_to_lan_ospf": null
              }
            }
          },
          "sensitive_attributes": [],
          "dependencies": [
            "mist_org.terraform_test"
          ]
        }
      ]
    },
    {
      "mode": "managed",
      "type": "mist_org_network",
      "name": "network_PC_SRV_MGMT13",
      "provider": "provider[\"registry.terraform.io/juniper/mist\"]",
      "instances": [
        {
          "schema_version": 0,
          "attributes": {
            "disallow_mist_services": true,
            "gateway": null,
            "gateway6": null,
            "id": "e3330932-befe-495d-a83a-4ccb08f9d5c7",
            "internal_access": null,
            "internet_access": null,
            "isolation": true,
            "name": "PC_SRV-MGMT",
            "org_id": "15017582-6f6e-41d0-8241-a8b2062587ab",
            "routed_for_networks": null,
            "subnet": "{{pc_srv_mgmt}}/{{pc_srv_mgmt_cidr}}",
            "subnet6": null,
            "tenants": null,
            "vlan_id": "5",
            "vpn_access": {
              "OrgOverlay": {
                "advertised_subnet": null,
                "allow_ping": null,
                "destination_nat": null,
                "nat_pool": null,
                "no_readvertise_to_lan_bgp": false,
                "no_readvertise_to_lan_ospf": false,
                "no_readvertise_to_overlay": null,
                "other_vrfs": [],
                "routed": true,
                "source_nat": null,
                "static_nat": null,
                "summarized_subnet": null,
                "summarized_subnet_to_lan_bgp": null,
                "summarized_subnet_to_lan_ospf": null
              }
            }
          },
          "sensitive_attributes": [],
          "dependencies": [
            "mist_org.terraform_test"
          ]
        }
      ]
    },
    {
      "mode": "managed",
      "type": "mist_org_network",
      "name": "network_PC_SRV_MGMT_VL5119",
      "provider": "provider[\"registry.terraform.io/juniper/mist\"]",
      "instances": [
        {
          "schema_version": 0,
          "attributes": {
            "disallow_mist_services": true,
            "gateway": null,
            "gateway6": null,
            "id": "a30c7bf0-d7f0-462f-861e-95be17eb018e",
            "internal_access": null,
            "internet_access": null,
            "isolation": true,
            "name": "PC_SRV-MGMT_VL5",
            "org_id": "15017582-6f6e-41d0-8241-a8b2062587ab",
            "routed_for_networks": null,
            "subnet": "{{pc_srv_mgmt}}/{{pc_srv_mgmt_cidr}}",
            "subnet6": null,
            "tenants": null,
            "vlan_id": "5",
            "vpn_access": {
              "OrgOverlay": {
                "advertised_subnet": null,
                "allow_ping": null,
                "destination_nat": null,
                "nat_pool": null,
                "no_readvertise_to_lan_bgp": false,
                "no_readvertise_to_lan_ospf": false,
                "no_readvertise_to_overlay": null,
                "other_vrfs": [],
                "routed": true,
                "source_nat": null,
                "static_nat": null,
                "summarized_subnet": null,
                "summarized_subnet_to_lan_bgp": null,
                "summarized_subnet_to_lan_ospf": null
              }
            }
          },
          "sensitive_attributes": [],
          "dependencies": [
            "mist_org.terraform_test"
          ]
        }
      ]
    },
    {
      "mode": "managed",
      "type": "mist_org_network",
      "name": "network_PC_WIRED_CFD23",
      "provider": "provider[\"registry.terraform.io/juniper/mist\"]",
      "instances": [
        {
          "schema_version": 0,
          "attributes": {
            "disallow_mist_services": true,
            "gateway": null,
            "gateway6": null,
            "id": "b60f8a8f-4fc5-4221-aa99-3ced08854913",
            "internal_access": null,
            "internet_access": null,
            "isolation": true,
            "name": "PC_WIRED-CFD",
            "org_id": "15017582-6f6e-41d0-8241-a8b2062587ab",
            "routed_for_networks": null,
            "subnet": "{{pc_wired_cfd}}/{{pc_wired_cfd_cidr}}",
            "subnet6": null,
            "tenants": null,
            "vlan_id": "21",
            "vpn_access": {
              "OrgOverlay": {
                "advertised_subnet": null,
                "allow_ping": null,
                "destination_nat": null,
                "nat_pool": null,
                "no_readvertise_to_lan_bgp": false,
                "no_readvertise_to_lan_ospf": false,
                "no_readvertise_to_overlay": null,
                "other_vrfs": [],
                "routed": true,
                "source_nat": null,
                "static_nat": null,
                "summarized_subnet": null,
                "summarized_subnet_to_lan_bgp": null,
                "summarized_subnet_to_lan_ospf": null
              }
            }
          },
          "sensitive_attributes": [],
          "dependencies": [
            "mist_org.terraform_test"
          ]
        }
      ]
    },
    {
      "mode": "managed",
      "type": "mist_org_network",
      "name": "network_PC_WIRED_TABLETS_VL21181",
      "provider": "provider[\"registry.terraform.io/juniper/mist\"]",
      "instances": [
        {
          "schema_version": 0,
          "attributes": {
            "disallow_mist_services": true,
            "gateway": null,
            "gateway6": null,
            "id": "b08da994-7a9d-4f04-9cbc-637a15824c4b",
            "internal_access": null,
            "internet_access": null,
            "isolation": true,
            "name": "PC_WIRED-TABLETS_VL21",
            "org_id": "15017582-6f6e-41d0-8241-a8b2062587ab",
            "routed_for_networks": null,
            "subnet": "{{pc_wired_tablets}}/{{pc_wired_tablets_cidr}}",
            "subnet6": null,
            "tenants": null,
            "vlan_id": "21",
            "vpn_access": {
              "OrgOverlay": {
                "advertised_subnet": null,
                "allow_ping": null,
                "destination_nat": null,
                "nat_pool": null,
                "no_readvertise_to_lan_bgp": false,
                "no_readvertise_to_lan_ospf": false,
                "no_readvertise_to_overlay": null,
                "other_vrfs": [],
                "routed": true,
                "source_nat": null,
                "static_nat": null,
                "summarized_subnet": null,
                "summarized_subnet_to_lan_bgp": null,
                "summarized_subnet_to_lan_ospf": null
              }
            }
          },
          "sensitive_attributes": [],
          "dependencies": [
            "mist_org.terraform_test"
          ]
        }
      ]
    },
    {
      "mode": "managed",
      "type": "mist_org_network",
      "name": "network_PHL_CORP_WIRELESS116",
      "provider": "provider[\"registry.terraform.io/juniper/mist\"]",
      "instances": [
        {
          "schema_version": 0,
          "attributes": {
            "disallow_mist_services": true,
            "gateway": null,
            "gateway6": null,
            "id": "8a463f78-7e3c-437f-aa02-6338a7d2dc00",
            "internal_access": null,
            "internet_access": null,
            "isolation": true,
            "name": "PHL_CORP-WIRELESS",
            "org_id": "15017582-6f6e-41d0-8241-a8b2062587ab",
            "routed_for_networks": null,
            "subnet": "{{phl_corp_wireless}}/{{phl_corp_wireless_cidr}}",
            "subnet6": null,
            "tenants": null,
            "vlan_id": "200",
            "vpn_access": {
              "OrgOverlay": {
                "advertised_subnet": null,
                "allow_ping": null,
                "destination_nat": null,
                "nat_pool": null,
                "no_readvertise_to_lan_bgp": false,
                "no_readvertise_to_lan_ospf": false,
                "no_readvertise_to_overlay": null,
                "other_vrfs": [],
                "routed": true,
                "source_nat": null,
                "static_nat": null,
                "summarized_subnet": null,
                "summarized_subnet_to_lan_bgp": null,
                "summarized_subnet_to_lan_ospf": null
              }
            }
          },
          "sensitive_attributes": [],
          "dependencies": [
            "mist_org.terraform_test"
          ]
        }
      ]
    },
    {
      "mode": "managed",
      "type": "mist_org_network",
      "name": "network_PHL_DIGITAL_VL400239",
      "provider": "provider[\"registry.terraform.io/juniper/mist\"]",
      "instances": [
        {
          "schema_version": 0,
          "attributes": {
            "disallow_mist_services": true,
            "gateway": null,
            "gateway6": null,
            "id": "586b44b4-e4e7-45cb-90a3-bdeeda9d9a89",
            "internal_access": null,
            "internet_access": null,
            "isolation": true,
            "name": "PHL_DIGITAL_VL400",
            "org_id": "15017582-6f6e-41d0-8241-a8b2062587ab",
            "routed_for_networks": null,
            "subnet": "{{phl_d_media}}/{{phl_d_media_cidr}}",
            "subnet6": null,
            "tenants": null,
            "vlan_id": "400",
            "vpn_access": {
              "OrgOverlay": {
                "advertised_subnet": null,
                "allow_ping": null,
                "destination_nat": null,
                "nat_pool": null,
                "no_readvertise_to_lan_bgp": false,
                "no_readvertise_to_lan_ospf": false,
                "no_readvertise_to_overlay": null,
                "other_vrfs": [],
                "routed": true,
                "source_nat": null,
                "static_nat": null,
                "summarized_subnet": null,
                "summarized_subnet_to_lan_bgp": null,
                "summarized_subnet_to_lan_ospf": null
              }
            }
          },
          "sensitive_attributes": [],
          "dependencies": [
            "mist_org.terraform_test"
          ]
        }
      ]
    },
    {
      "mode": "managed",
      "type": "mist_org_network",
      "name": "network_PHL_GWiFi104",
      "provider": "provider[\"registry.terraform.io/juniper/mist\"]",
      "instances": [
        {
          "schema_version": 0,
          "attributes": {
            "disallow_mist_services": true,
            "gateway": null,
            "gateway6": null,
            "id": "809f0383-c688-4f99-b6ce-3eefc63b683a",
            "internal_access": null,
            "internet_access": null,
            "isolation": true,
            "name": "PHL_GWiFi",
            "org_id": "15017582-6f6e-41d0-8241-a8b2062587ab",
            "routed_for_networks": null,
            "subnet": "{{phl_gwifi}}/{{phl_gwifi_cidr}}",
            "subnet6": null,
            "tenants": null,
            "vlan_id": "202",
            "vpn_access": null
          },
          "sensitive_attributes": [],
          "dependencies": [
            "mist_org.terraform_test"
          ]
        }
      ]
    },
    {
      "mode": "managed",
      "type": "mist_org_network",
      "name": "network_PHL_LTE_MGMT_VL888219",
      "provider": "provider[\"registry.terraform.io/juniper/mist\"]",
      "instances": [
        {
          "schema_version": 0,
          "attributes": {
            "disallow_mist_services": true,
            "gateway": null,
            "gateway6": null,
            "id": "4cfa201c-2008-41e0-b90b-cf565060852d",
            "internal_access": null,
            "internet_access": null,
            "isolation": true,
            "name": "PHL_LTE-MGMT_VL888",
            "org_id": "15017582-6f6e-41d0-8241-a8b2062587ab",
            "routed_for_networks": null,
            "subnet": "192.168.98.0/30",
            "subnet6": null,
            "tenants": null,
            "vlan_id": "888",
            "vpn_access": {
              "OrgOverlay": {
                "advertised_subnet": null,
                "allow_ping": null,
                "destination_nat": null,
                "nat_pool": "{{phl_natted_ip}}/30",
                "no_readvertise_to_lan_bgp": false,
                "no_readvertise_to_lan_ospf": false,
                "no_readvertise_to_overlay": false,
                "other_vrfs": [],
                "routed": false,
                "source_nat": null,
                "static_nat": {
                  "{{phl_natted_ip}}": {
                    "internal_ip": "192.168.98.2",
                    "name": "SMI-TO-LTE",
                    "wan_name": null
                  }
                },
                "summarized_subnet": null,
                "summarized_subnet_to_lan_bgp": null,
                "summarized_subnet_to_lan_ospf": null
              }
            }
          },
          "sensitive_attributes": [],
          "dependencies": [
            "mist_org.terraform_test"
          ]
        }
      ]
    },
    {
      "mode": "managed",
      "type": "mist_org_network",
      "name": "network_PHL_MGMT58",
      "provider": "provider[\"registry.terraform.io/juniper/mist\"]",
      "instances": [
        {
          "schema_version": 0,
          "attributes": {
            "disallow_mist_services": false,
            "gateway": null,
            "gateway6": null,
            "id": "9a62bfe7-55ee-4da3-8162-93cf79d5ab72",
            "internal_access": null,
            "internet_access": null,
            "isolation": true,
            "name": "PHL_MGMT",
            "org_id": "15017582-6f6e-41d0-8241-a8b2062587ab",
            "routed_for_networks": null,
            "subnet": "{{phl_default}}/{{phl_default_cidr}}",
            "subnet6": null,
            "tenants": null,
            "vlan_id": null,
            "vpn_access": {
              "OrgOverlay": {
                "advertised_subnet": null,
                "allow_ping": null,
                "destination_nat": null,
                "nat_pool": null,
                "no_readvertise_to_lan_bgp": false,
                "no_readvertise_to_lan_ospf": false,
                "no_readvertise_to_overlay": null,
                "other_vrfs": [],
                "routed": true,
                "source_nat": null,
                "static_nat": null,
                "summarized_subnet": null,
                "summarized_subnet_to_lan_bgp": null,
                "summarized_subnet_to_lan_ospf": null
              }
            }
          },
          "sensitive_attributes": [],
          "dependencies": [
            "mist_org.terraform_test"
          ]
        }
      ]
    },
    {
      "mode": "managed",
      "type": "mist_org_network",
      "name": "network_PHL_MGMT_VL1207",
      "provider": "provider[\"registry.terraform.io/juniper/mist\"]",
      "instances": [
        {
          "schema_version": 0,
          "attributes": {
            "disallow_mist_services": false,
            "gateway": null,
            "gateway6": null,
            "id": "579bc1e0-ba33-46d5-9eb2-94f7dfd9ea43",
            "internal_access": null,
            "internet_access": null,
            "isolation": true,
            "name": "PHL_MGMT_VL1",
            "org_id": "15017582-6f6e-41d0-8241-a8b2062587ab",
            "routed_for_networks": null,
            "subnet": "{{phl_default}}/{{phl_default_cidr}}",
            "subnet6": null,
            "tenants": null,
            "vlan_id": null,
            "vpn_access": {
              "OrgOverlay": {
                "advertised_subnet": null,
                "allow_ping": null,
                "destination_nat": null,
                "nat_pool": null,
                "no_readvertise_to_lan_bgp": false,
                "no_readvertise_to_lan_ospf": false,
                "no_readvertise_to_overlay": null,
                "other_vrfs": [],
                "routed": true,
                "source_nat": null,
                "static_nat": null,
                "summarized_subnet": null,
                "summarized_subnet_to_lan_bgp": null,
                "summarized_subnet_to_lan_ospf": null
              }
            }
          },
          "sensitive_attributes": [],
          "dependencies": [
            "mist_org.terraform_test"
          ]
        }
      ]
    },
    {
      "mode": "managed",
      "type": "mist_org_network",
      "name": "network_PHL_POS87",
      "provider": "provider[\"registry.terraform.io/juniper/mist\"]",
      "instances": [
        {
          "schema_version": 0,
          "attributes": {
            "disallow_mist_services": true,
            "gateway": null,
            "gateway6": null,
            "id": "e6de6e3a-5e53-4784-b0b0-eb56a3e441f7",
            "internal_access": null,
            "internet_access": null,
            "isolation": true,
            "name": "PHL_POS",
            "org_id": "15017582-6f6e-41d0-8241-a8b2062587ab",
            "routed_for_networks": null,
            "subnet": "{{phl_pos}}/{{phl_pos_cidr}}",
            "subnet6": null,
            "tenants": null,
            "vlan_id": "100",
            "vpn_access": {
              "OrgOverlay": {
                "advertised_subnet": null,
                "allow_ping": null,
                "destination_nat": null,
                "nat_pool": null,
                "no_readvertise_to_lan_bgp": false,
                "no_readvertise_to_lan_ospf": false,
                "no_readvertise_to_overlay": null,
                "other_vrfs": [],
                "routed": true,
                "source_nat": null,
                "static_nat": null,
                "summarized_subnet": null,
                "summarized_subnet_to_lan_bgp": null,
                "summarized_subnet_to_lan_ospf": null
              }
            }
          },
          "sensitive_attributes": [],
          "dependencies": [
            "mist_org.terraform_test"
          ]
        }
      ]
    },
    {
      "mode": "managed",
      "type": "mist_org_network",
      "name": "network_PHL_POS_VL100212",
      "provider": "provider[\"registry.terraform.io/juniper/mist\"]",
      "instances": [
        {
          "schema_version": 0,
          "attributes": {
            "disallow_mist_services": true,
            "gateway": null,
            "gateway6": null,
            "id": "abda7f20-f9bb-42da-8b47-4474a05499f5",
            "internal_access": null,
            "internet_access": null,
            "isolation": true,
            "name": "PHL_POS_VL100",
            "org_id": "15017582-6f6e-41d0-8241-a8b2062587ab",
            "routed_for_networks": null,
            "subnet": "{{phl_pos}}/{{phl_pos_cidr}}",
            "subnet6": null,
            "tenants": null,
            "vlan_id": "100",
            "vpn_access": {
              "OrgOverlay": {
                "advertised_subnet": null,
                "allow_ping": null,
                "destination_nat": null,
                "nat_pool": null,
                "no_readvertise_to_lan_bgp": false,
                "no_readvertise_to_lan_ospf": false,
                "no_readvertise_to_overlay": null,
                "other_vrfs": [],
                "routed": true,
                "source_nat": null,
                "static_nat": null,
                "summarized_subnet": null,
                "summarized_subnet_to_lan_bgp": null,
                "summarized_subnet_to_lan_ospf": null
              }
            }
          },
          "sensitive_attributes": [],
          "dependencies": [
            "mist_org.terraform_test"
          ]
        }
      ]
    },
    {
      "mode": "managed",
      "type": "mist_org_network",
      "name": "network_PHL_PRINTERS109",
      "provider": "provider[\"registry.terraform.io/juniper/mist\"]",
      "instances": [
        {
          "schema_version": 0,
          "attributes": {
            "disallow_mist_services": true,
            "gateway": null,
            "gateway6": null,
            "id": "f69f79f0-07cb-40f4-a4fc-f14a24ac9232",
            "internal_access": null,
            "internet_access": null,
            "isolation": true,
            "name": "PHL_PRINTERS",
            "org_id": "15017582-6f6e-41d0-8241-a8b2062587ab",
            "routed_for_networks": null,
            "subnet": "{{phl_printers}}/{{phl_printers_cidr}}",
            "subnet6": null,
            "tenants": null,
            "vlan_id": "102",
            "vpn_access": {
              "OrgOverlay": {
                "advertised_subnet": null,
                "allow_ping": null,
                "destination_nat": null,
                "nat_pool": null,
                "no_readvertise_to_lan_bgp": false,
                "no_readvertise_to_lan_ospf": false,
                "no_readvertise_to_overlay": null,
                "other_vrfs": [],
                "routed": true,
                "source_nat": null,
                "static_nat": null,
                "summarized_subnet": null,
                "summarized_subnet_to_lan_bgp": null,
                "summarized_subnet_to_lan_ospf": null
              }
            }
          },
          "sensitive_attributes": [],
          "dependencies": [
            "mist_org.terraform_test"
          ]
        }
      ]
    },
    {
      "mode": "managed",
      "type": "mist_org_network",
      "name": "network_PHL_TABLETS146",
      "provider": "provider[\"registry.terraform.io/juniper/mist\"]",
      "instances": [
        {
          "schema_version": 0,
          "attributes": {
            "disallow_mist_services": true,
            "gateway": null,
            "gateway6": null,
            "id": "d52be50c-d20c-4c64-a54b-c2d670c2ea62",
            "internal_access": null,
            "internet_access": null,
            "isolation": true,
            "name": "PHL_TABLETS",
            "org_id": "15017582-6f6e-41d0-8241-a8b2062587ab",
            "routed_for_networks": null,
            "subnet": "{{phl_tablets}}/{{phl_tablets_cidr}}",
            "subnet6": null,
            "tenants": null,
            "vlan_id": "201",
            "vpn_access": {
              "OrgOverlay": {
                "advertised_subnet": null,
                "allow_ping": null,
                "destination_nat": null,
                "nat_pool": null,
                "no_readvertise_to_lan_bgp": false,
                "no_readvertise_to_lan_ospf": false,
                "no_readvertise_to_overlay": null,
                "other_vrfs": [],
                "routed": true,
                "source_nat": null,
                "static_nat": null,
                "summarized_subnet": null,
                "summarized_subnet_to_lan_bgp": null,
                "summarized_subnet_to_lan_ospf": null
              }
            }
          },
          "sensitive_attributes": [],
          "dependencies": [
            "mist_org.terraform_test"
          ]
        }
      ]
    },
    {
      "mode": "managed",
      "type": "mist_org_network",
      "name": "network_PHL_TABLETS_VL201225",
      "provider": "provider[\"registry.terraform.io/juniper/mist\"]",
      "instances": [
        {
          "schema_version": 0,
          "attributes": {
            "disallow_mist_services": true,
            "gateway": null,
            "gateway6": null,
            "id": "b317032b-3fc0-45f0-ad83-2d029ac4e2f2",
            "internal_access": null,
            "internet_access": null,
            "isolation": true,
            "name": "PHL_TABLETS_VL201",
            "org_id": "15017582-6f6e-41d0-8241-a8b2062587ab",
            "routed_for_networks": null,
            "subnet": "{{phl_tablets}}/{{phl_tablets_cidr}}",
            "subnet6": null,
            "tenants": null,
            "vlan_id": "201",
            "vpn_access": {
              "OrgOverlay": {
                "advertised_subnet": null,
                "allow_ping": null,
                "destination_nat": null,
                "nat_pool": null,
                "no_readvertise_to_lan_bgp": false,
                "no_readvertise_to_lan_ospf": false,
                "no_readvertise_to_overlay": null,
                "other_vrfs": [],
                "routed": true,
                "source_nat": null,
                "static_nat": null,
                "summarized_subnet": null,
                "summarized_subnet_to_lan_bgp": null,
                "summarized_subnet_to_lan_ospf": null
              }
            }
          },
          "sensitive_attributes": [],
          "dependencies": [
            "mist_org.terraform_test"
          ]
        }
      ]
    },
    {
      "mode": "managed",
      "type": "mist_org_network",
      "name": "network_PHL_THIRD_PARTY75",
      "provider": "provider[\"registry.terraform.io/juniper/mist\"]",
      "instances": [
        {
          "schema_version": 0,
          "attributes": {
            "disallow_mist_services": true,
            "gateway": null,
            "gateway6": null,
            "id": "94d984fe-5723-4fad-8924-f1c8787bab29",
            "internal_access": null,
            "internet_access": null,
            "isolation": true,
            "name": "PHL_THIRD-PARTY",
            "org_id": "15017582-6f6e-41d0-8241-a8b2062587ab",
            "routed_for_networks": null,
            "subnet": "{{phl_third_party}}/{{phl_third_party_cidr}}",
            "subnet6": null,
            "tenants": null,
            "vlan_id": "700",
            "vpn_access": {
              "OrgOverlay": {
                "advertised_subnet": null,
                "allow_ping": null,
                "destination_nat": null,
                "nat_pool": null,
                "no_readvertise_to_lan_bgp": false,
                "no_readvertise_to_lan_ospf": false,
                "no_readvertise_to_overlay": null,
                "other_vrfs": [],
                "routed": true,
                "source_nat": null,
                "static_nat": null,
                "summarized_subnet": null,
                "summarized_subnet_to_lan_bgp": null,
                "summarized_subnet_to_lan_ospf": null
              }
            }
          },
          "sensitive_attributes": [],
          "dependencies": [
            "mist_org.terraform_test"
          ]
        }
      ]
    },
    {
      "mode": "managed",
      "type": "mist_org_network",
      "name": "network_PHL_VOIP_VL500249",
      "provider": "provider[\"registry.terraform.io/juniper/mist\"]",
      "instances": [
        {
          "schema_version": 0,
          "attributes": {
            "disallow_mist_services": true,
            "gateway": null,
            "gateway6": null,
            "id": "30a42fb0-8738-4650-b220-e5145945452c",
            "internal_access": null,
            "internet_access": null,
            "isolation": true,
            "name": "PHL_VOIP_VL500",
            "org_id": "15017582-6f6e-41d0-8241-a8b2062587ab",
            "routed_for_networks": null,
            "subnet": "{{phl_voip}}/{{phl_voip_cidr}}",
            "subnet6": null,
            "tenants": null,
            "vlan_id": "500",
            "vpn_access": {
              "OrgOverlay": {
                "advertised_subnet": null,
                "allow_ping": null,
                "destination_nat": null,
                "nat_pool": null,
                "no_readvertise_to_lan_bgp": false,
                "no_readvertise_to_lan_ospf": false,
                "no_readvertise_to_overlay": null,
                "other_vrfs": [],
                "routed": true,
                "source_nat": null,
                "static_nat": null,
                "summarized_subnet": null,
                "summarized_subnet_to_lan_bgp": null,
                "summarized_subnet_to_lan_ospf": null
              }
            }
          },
          "sensitive_attributes": [],
          "dependencies": [
            "mist_org.terraform_test"
          ]
        }
      ]
    },
    {
      "mode": "managed",
      "type": "mist_org_network",
      "name": "network_PHL_WORKSTATIONS105",
      "provider": "provider[\"registry.terraform.io/juniper/mist\"]",
      "instances": [
        {
          "schema_version": 0,
          "attributes": {
            "disallow_mist_services": true,
            "gateway": null,
            "gateway6": null,
            "id": "e94ec482-fbb2-4c28-8334-5605292ea18d",
            "internal_access": null,
            "internet_access": null,
            "isolation": true,
            "name": "PHL_WORKSTATIONS",
            "org_id": "15017582-6f6e-41d0-8241-a8b2062587ab",
            "routed_for_networks": null,
            "subnet": "{{phl_workstations}}/{{phl_workstations_cidr}}",
            "subnet6": null,
            "tenants": null,
            "vlan_id": "101",
            "vpn_access": {
              "OrgOverlay": {
                "advertised_subnet": null,
                "allow_ping": null,
                "destination_nat": null,
                "nat_pool": null,
                "no_readvertise_to_lan_bgp": false,
                "no_readvertise_to_lan_ospf": false,
                "no_readvertise_to_overlay": null,
                "other_vrfs": [],
                "routed": true,
                "source_nat": null,
                "static_nat": null,
                "summarized_subnet": null,
                "summarized_subnet_to_lan_bgp": null,
                "summarized_subnet_to_lan_ospf": null
              }
            }
          },
          "sensitive_attributes": [],
          "dependencies": [
            "mist_org.terraform_test"
          ]
        }
      ]
    },
    {
      "mode": "managed",
      "type": "mist_org_network",
      "name": "network_PS_CORP_WIRELESS110",
      "provider": "provider[\"registry.terraform.io/juniper/mist\"]",
      "instances": [
        {
          "schema_version": 0,
          "attributes": {
            "disallow_mist_services": true,
            "gateway": null,
            "gateway6": null,
            "id": "602e2fbe-acae-4f04-8177-e9203f3e2e11",
            "internal_access": null,
            "internet_access": null,
            "isolation": true,
            "name": "PS_CORP-WIRELESS",
            "org_id": "15017582-6f6e-41d0-8241-a8b2062587ab",
            "routed_for_networks": null,
            "subnet": "{{ps_corp_wireless}}/{{ps_corp_wireless_cidr}}",
            "subnet6": null,
            "tenants": null,
            "vlan_id": "200",
            "vpn_access": {
              "OrgOverlay": {
                "advertised_subnet": null,
                "allow_ping": null,
                "destination_nat": null,
                "nat_pool": null,
                "no_readvertise_to_lan_bgp": false,
                "no_readvertise_to_lan_ospf": false,
                "no_readvertise_to_overlay": null,
                "other_vrfs": [],
                "routed": true,
                "source_nat": null,
                "static_nat": null,
                "summarized_subnet": null,
                "summarized_subnet_to_lan_bgp": null,
                "summarized_subnet_to_lan_ospf": null
              }
            }
          },
          "sensitive_attributes": [],
          "dependencies": [
            "mist_org.terraform_test"
          ]
        }
      ]
    },
    {
      "mode": "managed",
      "type": "mist_org_network",
      "name": "network_PS_CORP_WIRELESS_VL20160",
      "provider": "provider[\"registry.terraform.io/juniper/mist\"]",
      "instances": [
        {
          "schema_version": 0,
          "attributes": {
            "disallow_mist_services": true,
            "gateway": null,
            "gateway6": null,
            "id": "cbaac189-e7ed-43d3-a664-8ac0c286b1d0",
            "internal_access": null,
            "internet_access": null,
            "isolation": true,
            "name": "PS_CORP-WIRELESS_VL200",
            "org_id": "15017582-6f6e-41d0-8241-a8b2062587ab",
            "routed_for_networks": null,
            "subnet": "{{ps_corp_wireless}}/{{ps_corp_wireless_cidr}}",
            "subnet6": null,
            "tenants": null,
            "vlan_id": "200",
            "vpn_access": {
              "OrgOverlay": {
                "advertised_subnet": null,
                "allow_ping": null,
                "destination_nat": null,
                "nat_pool": null,
                "no_readvertise_to_lan_bgp": false,
                "no_readvertise_to_lan_ospf": false,
                "no_readvertise_to_overlay": null,
                "other_vrfs": [],
                "routed": true,
                "source_nat": null,
                "static_nat": null,
                "summarized_subnet": null,
                "summarized_subnet_to_lan_bgp": null,
                "summarized_subnet_to_lan_ospf": null
              }
            }
          },
          "sensitive_attributes": [],
          "dependencies": [
            "mist_org.terraform_test"
          ]
        }
      ]
    },
    {
      "mode": "managed",
      "type": "mist_org_network",
      "name": "network_PS_GWiFi135",
      "provider": "provider[\"registry.terraform.io/juniper/mist\"]",
      "instances": [
        {
          "schema_version": 0,
          "attributes": {
            "disallow_mist_services": true,
            "gateway": null,
            "gateway6": null,
            "id": "9d170bfe-9a3e-42e0-bd40-7f596c4d93c7",
            "internal_access": null,
            "internet_access": null,
            "isolation": true,
            "name": "PS_GWiFi",
            "org_id": "15017582-6f6e-41d0-8241-a8b2062587ab",
            "routed_for_networks": null,
            "subnet": "{{ps_gwifi}}/{{ps_gwifi_cidr}}",
            "subnet6": null,
            "tenants": null,
            "vlan_id": "202",
            "vpn_access": null
          },
          "sensitive_attributes": [],
          "dependencies": [
            "mist_org.terraform_test"
          ]
        }
      ]
    },
    {
      "mode": "managed",
      "type": "mist_org_network",
      "name": "network_PS_GWiFi_VL202154",
      "provider": "provider[\"registry.terraform.io/juniper/mist\"]",
      "instances": [
        {
          "schema_version": 0,
          "attributes": {
            "disallow_mist_services": true,
            "gateway": null,
            "gateway6": null,
            "id": "7f83d7a6-bf26-4904-942a-6e59376cd869",
            "internal_access": null,
            "internet_access": null,
            "isolation": true,
            "name": "PS_GWiFi_VL202",
            "org_id": "15017582-6f6e-41d0-8241-a8b2062587ab",
            "routed_for_networks": null,
            "subnet": "{{ps_gwifi}}/{{ps_gwifi_cidr}}",
            "subnet6": null,
            "tenants": null,
            "vlan_id": "202",
            "vpn_access": null
          },
          "sensitive_attributes": [],
          "dependencies": [
            "mist_org.terraform_test"
          ]
        }
      ]
    },
    {
      "mode": "managed",
      "type": "mist_org_network",
      "name": "network_PS_LTE_MGMT_VL888243",
      "provider": "provider[\"registry.terraform.io/juniper/mist\"]",
      "instances": [
        {
          "schema_version": 0,
          "attributes": {
            "disallow_mist_services": true,
            "gateway": null,
            "gateway6": null,
            "id": "32f9b999-15e3-4d72-b22e-84f357d63593",
            "internal_access": null,
            "internet_access": null,
            "isolation": true,
            "name": "PS_LTE-MGMT_VL888",
            "org_id": "15017582-6f6e-41d0-8241-a8b2062587ab",
            "routed_for_networks": null,
            "subnet": "192.168.98.0/30",
            "subnet6": null,
            "tenants": null,
            "vlan_id": "888",
            "vpn_access": {
              "OrgOverlay": {
                "advertised_subnet": null,
                "allow_ping": null,
                "destination_nat": null,
                "nat_pool": "{{ps_natted_ip}}/32",
                "no_readvertise_to_lan_bgp": false,
                "no_readvertise_to_lan_ospf": false,
                "no_readvertise_to_overlay": null,
                "other_vrfs": [],
                "routed": false,
                "source_nat": null,
                "static_nat": {
                  "{{ps_natted_ip}}": {
                    "internal_ip": "192.168.98.2",
                    "name": "SMI-TO-LTE",
                    "wan_name": null
                  }
                },
                "summarized_subnet": null,
                "summarized_subnet_to_lan_bgp": null,
                "summarized_subnet_to_lan_ospf": null
              }
            }
          },
          "sensitive_attributes": [],
          "dependencies": [
            "mist_org.terraform_test"
          ]
        }
      ]
    },
    {
      "mode": "managed",
      "type": "mist_org_network",
      "name": "network_PS_MGMT96",
      "provider": "provider[\"registry.terraform.io/juniper/mist\"]",
      "instances": [
        {
          "schema_version": 0,
          "attributes": {
            "disallow_mist_services": false,
            "gateway": null,
            "gateway6": null,
            "id": "0880a887-a8eb-4612-8173-4eb40e3b408b",
            "internal_access": null,
            "internet_access": null,
            "isolation": true,
            "name": "PS_MGMT",
            "org_id": "15017582-6f6e-41d0-8241-a8b2062587ab",
            "routed_for_networks": null,
            "subnet": "{{ps_default}}/{{ps_default_cidr}}",
            "subnet6": null,
            "tenants": {
              "PS_Lab_Mgmt": {
                "addresses": [
                  "10.168.194.192/26"
                ]
              }
            },
            "vlan_id": null,
            "vpn_access": {
              "OrgOverlay": {
                "advertised_subnet": null,
                "allow_ping": null,
                "destination_nat": null,
                "nat_pool": null,
                "no_readvertise_to_lan_bgp": false,
                "no_readvertise_to_lan_ospf": false,
                "no_readvertise_to_overlay": null,
                "other_vrfs": [],
                "routed": true,
                "source_nat": null,
                "static_nat": null,
                "summarized_subnet": null,
                "summarized_subnet_to_lan_bgp": null,
                "summarized_subnet_to_lan_ospf": null
              }
            }
          },
          "sensitive_attributes": [],
          "dependencies": [
            "mist_org.terraform_test"
          ]
        }
      ]
    },
    {
      "mode": "managed",
      "type": "mist_org_network",
      "name": "network_PS_MGMT_VL1102",
      "provider": "provider[\"registry.terraform.io/juniper/mist\"]",
      "instances": [
        {
          "schema_version": 0,
          "attributes": {
            "disallow_mist_services": false,
            "gateway": null,
            "gateway6": null,
            "id": "2d577482-be0b-4681-85c8-dee92fb4e268",
            "internal_access": null,
            "internet_access": null,
            "isolation": true,
            "name": "PS_MGMT_VL1",
            "org_id": "15017582-6f6e-41d0-8241-a8b2062587ab",
            "routed_for_networks": null,
            "subnet": "{{ps_default}}/{{ps_default_cidr}}",
            "subnet6": null,
            "tenants": null,
            "vlan_id": null,
            "vpn_access": {
              "OrgOverlay": {
                "advertised_subnet": null,
                "allow_ping": null,
                "destination_nat": null,
                "nat_pool": null,
                "no_readvertise_to_lan_bgp": false,
                "no_readvertise_to_lan_ospf": false,
                "no_readvertise_to_overlay": null,
                "other_vrfs": [],
                "routed": true,
                "source_nat": null,
                "static_nat": null,
                "summarized_subnet": null,
                "summarized_subnet_to_lan_bgp": null,
                "summarized_subnet_to_lan_ospf": null
              }
            }
          },
          "sensitive_attributes": [],
          "dependencies": [
            "mist_org.terraform_test"
          ]
        }
      ]
    },
    {
      "mode": "managed",
      "type": "mist_org_network",
      "name": "network_PS_POS79",
      "provider": "provider[\"registry.terraform.io/juniper/mist\"]",
      "instances": [
        {
          "schema_version": 0,
          "attributes": {
            "disallow_mist_services": true,
            "gateway": null,
            "gateway6": null,
            "id": "5e2d9477-8f2d-4fab-9a60-68afca03f8eb",
            "internal_access": null,
            "internet_access": null,
            "isolation": true,
            "name": "PS_POS",
            "org_id": "15017582-6f6e-41d0-8241-a8b2062587ab",
            "routed_for_networks": null,
            "subnet": "{{ps_pos}}/{{ps_pos_cidr}}",
            "subnet6": null,
            "tenants": null,
            "vlan_id": "100",
            "vpn_access": {
              "OrgOverlay": {
                "advertised_subnet": null,
                "allow_ping": null,
                "destination_nat": null,
                "nat_pool": null,
                "no_readvertise_to_lan_bgp": false,
                "no_readvertise_to_lan_ospf": false,
                "no_readvertise_to_overlay": null,
                "other_vrfs": [],
                "routed": true,
                "source_nat": null,
                "static_nat": null,
                "summarized_subnet": null,
                "summarized_subnet_to_lan_bgp": null,
                "summarized_subnet_to_lan_ospf": null
              }
            }
          },
          "sensitive_attributes": [],
          "dependencies": [
            "mist_org.terraform_test"
          ]
        }
      ]
    },
    {
      "mode": "managed",
      "type": "mist_org_network",
      "name": "network_PS_POS_VL100127",
      "provider": "provider[\"registry.terraform.io/juniper/mist\"]",
      "instances": [
        {
          "schema_version": 0,
          "attributes": {
            "disallow_mist_services": true,
            "gateway": null,
            "gateway6": null,
            "id": "3e27e77c-7baf-4285-9101-69fa81ebe228",
            "internal_access": null,
            "internet_access": null,
            "isolation": true,
            "name": "PS_POS_VL100",
            "org_id": "15017582-6f6e-41d0-8241-a8b2062587ab",
            "routed_for_networks": null,
            "subnet": "{{ps_pos}}/{{ps_pos_cidr}}",
            "subnet6": null,
            "tenants": null,
            "vlan_id": "100",
            "vpn_access": {
              "OrgOverlay": {
                "advertised_subnet": null,
                "allow_ping": null,
                "destination_nat": null,
                "nat_pool": null,
                "no_readvertise_to_lan_bgp": false,
                "no_readvertise_to_lan_ospf": false,
                "no_readvertise_to_overlay": null,
                "other_vrfs": [],
                "routed": true,
                "source_nat": null,
                "static_nat": null,
                "summarized_subnet": null,
                "summarized_subnet_to_lan_bgp": null,
                "summarized_subnet_to_lan_ospf": null
              }
            }
          },
          "sensitive_attributes": [],
          "dependencies": [
            "mist_org.terraform_test"
          ]
        }
      ]
    },
    {
      "mode": "managed",
      "type": "mist_org_network",
      "name": "network_PS_PRINTERS149",
      "provider": "provider[\"registry.terraform.io/juniper/mist\"]",
      "instances": [
        {
          "schema_version": 0,
          "attributes": {
            "disallow_mist_services": true,
            "gateway": null,
            "gateway6": null,
            "id": "62cd9afa-4c13-4852-849c-f8a9ac4641b6",
            "internal_access": null,
            "internet_access": null,
            "isolation": true,
            "name": "PS_PRINTERS",
            "org_id": "15017582-6f6e-41d0-8241-a8b2062587ab",
            "routed_for_networks": null,
            "subnet": "{{ps_printers}}/{{ps_printers_cidr}}",
            "subnet6": null,
            "tenants": null,
            "vlan_id": "102",
            "vpn_access": {
              "OrgOverlay": {
                "advertised_subnet": null,
                "allow_ping": null,
                "destination_nat": null,
                "nat_pool": null,
                "no_readvertise_to_lan_bgp": false,
                "no_readvertise_to_lan_ospf": false,
                "no_readvertise_to_overlay": null,
                "other_vrfs": [],
                "routed": true,
                "source_nat": null,
                "static_nat": null,
                "summarized_subnet": null,
                "summarized_subnet_to_lan_bgp": null,
                "summarized_subnet_to_lan_ospf": null
              }
            }
          },
          "sensitive_attributes": [],
          "dependencies": [
            "mist_org.terraform_test"
          ]
        }
      ]
    },
    {
      "mode": "managed",
      "type": "mist_org_network",
      "name": "network_PS_PRINTERS_VL102170",
      "provider": "provider[\"registry.terraform.io/juniper/mist\"]",
      "instances": [
        {
          "schema_version": 0,
          "attributes": {
            "disallow_mist_services": true,
            "gateway": null,
            "gateway6": null,
            "id": "80dd6fda-3514-4e54-83c3-aa530191f4f8",
            "internal_access": null,
            "internet_access": null,
            "isolation": true,
            "name": "PS_PRINTERS_VL102",
            "org_id": "15017582-6f6e-41d0-8241-a8b2062587ab",
            "routed_for_networks": null,
            "subnet": "{{ps_printers}}/{{ps_printers_cidr}}",
            "subnet6": null,
            "tenants": null,
            "vlan_id": "102",
            "vpn_access": {
              "OrgOverlay": {
                "advertised_subnet": null,
                "allow_ping": null,
                "destination_nat": null,
                "nat_pool": null,
                "no_readvertise_to_lan_bgp": false,
                "no_readvertise_to_lan_ospf": false,
                "no_readvertise_to_overlay": null,
                "other_vrfs": [],
                "routed": true,
                "source_nat": null,
                "static_nat": null,
                "summarized_subnet": null,
                "summarized_subnet_to_lan_bgp": null,
                "summarized_subnet_to_lan_ospf": null
              }
            }
          },
          "sensitive_attributes": [],
          "dependencies": [
            "mist_org.terraform_test"
          ]
        }
      ]
    },
    {
      "mode": "managed",
      "type": "mist_org_network",
      "name": "network_PS_THIRD_PARTY145",
      "provider": "provider[\"registry.terraform.io/juniper/mist\"]",
      "instances": [
        {
          "schema_version": 0,
          "attributes": {
            "disallow_mist_services": true,
            "gateway": null,
            "gateway6": null,
            "id": "75ff0b93-8f76-4ddc-93c0-9271f7aadee9",
            "internal_access": null,
            "internet_access": null,
            "isolation": true,
            "name": "PS_THIRD-PARTY",
            "org_id": "15017582-6f6e-41d0-8241-a8b2062587ab",
            "routed_for_networks": null,
            "subnet": "{{ps_third_party}}/{{ps_third_party_cidr}}",
            "subnet6": null,
            "tenants": null,
            "vlan_id": "700",
            "vpn_access": {
              "OrgOverlay": {
                "advertised_subnet": null,
                "allow_ping": null,
                "destination_nat": null,
                "nat_pool": null,
                "no_readvertise_to_lan_bgp": false,
                "no_readvertise_to_lan_ospf": false,
                "no_readvertise_to_overlay": null,
                "other_vrfs": [],
                "routed": true,
                "source_nat": null,
                "static_nat": null,
                "summarized_subnet": null,
                "summarized_subnet_to_lan_bgp": null,
                "summarized_subnet_to_lan_ospf": null
              }
            }
          },
          "sensitive_attributes": [],
          "dependencies": [
            "mist_org.terraform_test"
          ]
        }
      ]
    },
    {
      "mode": "managed",
      "type": "mist_org_network",
      "name": "network_PS_THIRD_PARTY_VL70011",
      "provider": "provider[\"registry.terraform.io/juniper/mist\"]",
      "instances": [
        {
          "schema_version": 0,
          "attributes": {
            "disallow_mist_services": true,
            "gateway": null,
            "gateway6": null,
            "id": "980df739-9b0e-404b-805c-e867af28c097",
            "internal_access": null,
            "internet_access": null,
            "isolation": true,
            "name": "PS_THIRD-PARTY_VL700",
            "org_id": "15017582-6f6e-41d0-8241-a8b2062587ab",
            "routed_for_networks": null,
            "subnet": "{{ps_third_party}}/{{ps_third_party_cidr}}",
            "subnet6": null,
            "tenants": null,
            "vlan_id": "700",
            "vpn_access": {
              "OrgOverlay": {
                "advertised_subnet": null,
                "allow_ping": null,
                "destination_nat": null,
                "nat_pool": null,
                "no_readvertise_to_lan_bgp": false,
                "no_readvertise_to_lan_ospf": false,
                "no_readvertise_to_overlay": null,
                "other_vrfs": [],
                "routed": true,
                "source_nat": null,
                "static_nat": null,
                "summarized_subnet": null,
                "summarized_subnet_to_lan_bgp": null,
                "summarized_subnet_to_lan_ospf": null
              }
            }
          },
          "sensitive_attributes": [],
          "dependencies": [
            "mist_org.terraform_test"
          ]
        }
      ]
    },
    {
      "mode": "managed",
      "type": "mist_org_network",
      "name": "network_PS_VOIP143",
      "provider": "provider[\"registry.terraform.io/juniper/mist\"]",
      "instances": [
        {
          "schema_version": 0,
          "attributes": {
            "disallow_mist_services": true,
            "gateway": null,
            "gateway6": null,
            "id": "9699d3c7-cb51-48a4-ab32-5d0a45b3b251",
            "internal_access": null,
            "internet_access": null,
            "isolation": true,
            "name": "PS_VOIP",
            "org_id": "15017582-6f6e-41d0-8241-a8b2062587ab",
            "routed_for_networks": null,
            "subnet": "{{ps_voip}}/{{ps_voip_cidr}}",
            "subnet6": null,
            "tenants": null,
            "vlan_id": "500",
            "vpn_access": {
              "OrgOverlay": {
                "advertised_subnet": null,
                "allow_ping": null,
                "destination_nat": null,
                "nat_pool": null,
                "no_readvertise_to_lan_bgp": false,
                "no_readvertise_to_lan_ospf": false,
                "no_readvertise_to_overlay": null,
                "other_vrfs": [],
                "routed": true,
                "source_nat": null,
                "static_nat": null,
                "summarized_subnet": null,
                "summarized_subnet_to_lan_bgp": null,
                "summarized_subnet_to_lan_ospf": null
              }
            }
          },
          "sensitive_attributes": [],
          "dependencies": [
            "mist_org.terraform_test"
          ]
        }
      ]
    },
    {
      "mode": "managed",
      "type": "mist_org_network",
      "name": "network_PS_VOIP_VL500200",
      "provider": "provider[\"registry.terraform.io/juniper/mist\"]",
      "instances": [
        {
          "schema_version": 0,
          "attributes": {
            "disallow_mist_services": true,
            "gateway": null,
            "gateway6": null,
            "id": "0c24ecfc-969b-48f1-82b6-68a27077d907",
            "internal_access": null,
            "internet_access": null,
            "isolation": true,
            "name": "PS_VOIP_VL500",
            "org_id": "15017582-6f6e-41d0-8241-a8b2062587ab",
            "routed_for_networks": null,
            "subnet": "{{ps_voip}}/{{ps_voip_cidr}}",
            "subnet6": null,
            "tenants": null,
            "vlan_id": "500",
            "vpn_access": {
              "OrgOverlay": {
                "advertised_subnet": null,
                "allow_ping": null,
                "destination_nat": null,
                "nat_pool": null,
                "no_readvertise_to_lan_bgp": false,
                "no_readvertise_to_lan_ospf": false,
                "no_readvertise_to_overlay": null,
                "other_vrfs": [],
                "routed": true,
                "source_nat": null,
                "static_nat": null,
                "summarized_subnet": null,
                "summarized_subnet_to_lan_bgp": null,
                "summarized_subnet_to_lan_ospf": null
              }
            }
          },
          "sensitive_attributes": [],
          "dependencies": [
            "mist_org.terraform_test"
          ]
        }
      ]
    },
    {
      "mode": "managed",
      "type": "mist_org_network",
      "name": "network_PS_WORKSTATIONS29",
      "provider": "provider[\"registry.terraform.io/juniper/mist\"]",
      "instances": [
        {
          "schema_version": 0,
          "attributes": {
            "disallow_mist_services": true,
            "gateway": null,
            "gateway6": null,
            "id": "a234f493-69a4-4d3e-abc0-9515ddf7ad2f",
            "internal_access": null,
            "internet_access": null,
            "isolation": true,
            "name": "PS_WORKSTATIONS",
            "org_id": "15017582-6f6e-41d0-8241-a8b2062587ab",
            "routed_for_networks": null,
            "subnet": "{{ps_workstations}}/{{ps_workstations_cidr}}",
            "subnet6": null,
            "tenants": null,
            "vlan_id": "101",
            "vpn_access": {
              "OrgOverlay": {
                "advertised_subnet": null,
                "allow_ping": null,
                "destination_nat": null,
                "nat_pool": null,
                "no_readvertise_to_lan_bgp": false,
                "no_readvertise_to_lan_ospf": false,
                "no_readvertise_to_overlay": null,
                "other_vrfs": [],
                "routed": true,
                "source_nat": null,
                "static_nat": null,
                "summarized_subnet": null,
                "summarized_subnet_to_lan_bgp": null,
                "summarized_subnet_to_lan_ospf": null
              }
            }
          },
          "sensitive_attributes": [],
          "dependencies": [
            "mist_org.terraform_test"
          ]
        }
      ]
    },
    {
      "mode": "managed",
      "type": "mist_org_network",
      "name": "network_PS_WORKSTATIONS_VL101128",
      "provider": "provider[\"registry.terraform.io/juniper/mist\"]",
      "instances": [
        {
          "schema_version": 0,
          "attributes": {
            "disallow_mist_services": true,
            "gateway": null,
            "gateway6": null,
            "id": "08992ef4-7682-4a05-bd17-b61f9599dc54",
            "internal_access": null,
            "internet_access": null,
            "isolation": true,
            "name": "PS_WORKSTATIONS_VL101",
            "org_id": "15017582-6f6e-41d0-8241-a8b2062587ab",
            "routed_for_networks": null,
            "subnet": "{{ps_workstations}}/{{ps_workstations_cidr}}",
            "subnet6": null,
            "tenants": null,
            "vlan_id": "101",
            "vpn_access": {
              "OrgOverlay": {
                "advertised_subnet": null,
                "allow_ping": null,
                "destination_nat": null,
                "nat_pool": null,
                "no_readvertise_to_lan_bgp": false,
                "no_readvertise_to_lan_ospf": false,
                "no_readvertise_to_overlay": null,
                "other_vrfs": [],
                "routed": true,
                "source_nat": null,
                "static_nat": null,
                "summarized_subnet": null,
                "summarized_subnet_to_lan_bgp": null,
                "summarized_subnet_to_lan_ospf": null
              }
            }
          },
          "sensitive_attributes": [],
          "dependencies": [
            "mist_org.terraform_test"
          ]
        }
      ]
    },
    {
      "mode": "managed",
      "type": "mist_org_network",
      "name": "network_REMOTE_STORE_42_NETWO211",
      "provider": "provider[\"registry.terraform.io/juniper/mist\"]",
      "instances": [
        {
          "schema_version": 0,
          "attributes": {
            "disallow_mist_services": true,
            "gateway": null,
            "gateway6": null,
            "id": "675d2a58-8c0d-44f8-b1c4-8a3983a77e04",
            "internal_access": null,
            "internet_access": null,
            "isolation": true,
            "name": "REMOTE_STORE_42_NETWORKS",
            "org_id": "15017582-6f6e-41d0-8241-a8b2062587ab",
            "routed_for_networks": null,
            "subnet": "42.0.0.0/8",
            "subnet6": null,
            "tenants": {
              "REMOTE_STORES_42": {
                "addresses": [
                  "{{Remote_Store1_VL_PRI_2}}",
                  "{{Remote_Store1_VL_PRI_6}}",
                  "{{Remote_Store2_VL_PRI_2}}",
                  "{{Remote_Store2_VL_PRI_6}}",
                  "{{Remote_Store3_VL_PRI_2}}",
                  "{{Remote_Store3_VL_PRI_6}}",
                  "{{Remote_Store4_VL_PRI_2}}",
                  "{{Remote_Store4_VL_PRI_6}}"
                ]
              }
            },
            "vlan_id": "3797",
            "vpn_access": {
              "OrgOverlay": {
                "advertised_subnet": null,
                "allow_ping": null,
                "destination_nat": null,
                "nat_pool": null,
                "no_readvertise_to_lan_bgp": false,
                "no_readvertise_to_lan_ospf": false,
                "no_readvertise_to_overlay": false,
                "other_vrfs": [],
                "routed": true,
                "source_nat": null,
                "static_nat": null,
                "summarized_subnet": null,
                "summarized_subnet_to_lan_bgp": null,
                "summarized_subnet_to_lan_ospf": null
              }
            }
          },
          "sensitive_attributes": [],
          "dependencies": [
            "mist_org.terraform_test"
          ]
        }
      ]
    },
    {
      "mode": "managed",
      "type": "mist_org_network",
      "name": "network_REMOTE_STORE_GLOBAL_1236",
      "provider": "provider[\"registry.terraform.io/juniper/mist\"]",
      "instances": [
        {
          "schema_version": 0,
          "attributes": {
            "disallow_mist_services": true,
            "gateway": null,
            "gateway6": null,
            "id": "04848e7b-13c5-4658-a962-05efd6747e7b",
            "internal_access": null,
            "internet_access": null,
            "isolation": true,
            "name": "REMOTE_STORE_GLOBAL_10_BLOCK",
            "org_id": "15017582-6f6e-41d0-8241-a8b2062587ab",
            "routed_for_networks": null,
            "subnet": "10.0.0.0/8",
            "subnet6": null,
            "tenants": {
              "STORE_SUPERNETS": {
                "addresses": [
                  "10.128.0.0/12",
                  "10.208.0.0/12",
                  "10.224.0.0/14",
                  "10.228.0.0/14",
                  "10.232.0.0/13",
                  "10.180.0.0/14",
                  "10.184.0.0/14"
                ]
              }
            },
            "vlan_id": "3797",
            "vpn_access": {
              "OrgOverlay": {
                "advertised_subnet": null,
                "allow_ping": null,
                "destination_nat": null,
                "nat_pool": null,
                "no_readvertise_to_lan_bgp": false,
                "no_readvertise_to_lan_ospf": false,
                "no_readvertise_to_overlay": false,
                "other_vrfs": [],
                "routed": true,
                "source_nat": null,
                "static_nat": null,
                "summarized_subnet": null,
                "summarized_subnet_to_lan_bgp": null,
                "summarized_subnet_to_lan_ospf": null
              }
            }
          },
          "sensitive_attributes": [],
          "dependencies": [
            "mist_org.terraform_test"
          ]
        }
      ]
    },
    {
      "mode": "managed",
      "type": "mist_org_network",
      "name": "network_REMOTE_STORE_GLOBAL_4216",
      "provider": "provider[\"registry.terraform.io/juniper/mist\"]",
      "instances": [
        {
          "schema_version": 0,
          "attributes": {
            "disallow_mist_services": true,
            "gateway": null,
            "gateway6": null,
            "id": "18bee009-0267-413d-970d-531b88b86521",
            "internal_access": null,
            "internet_access": null,
            "isolation": true,
            "name": "REMOTE_STORE_GLOBAL_42_BLOCK",
            "org_id": "15017582-6f6e-41d0-8241-a8b2062587ab",
            "routed_for_networks": null,
            "subnet": "42.0.0.0/8",
            "subnet6": null,
            "tenants": {
              "STORE_42_SUPERNETS": {
                "addresses": [
                  "42.60.0.0/14",
                  "42.64.0.0/14",
                  "42.240.0.0/13",
                  "42.76.0.0/16"
                ]
              }
            },
            "vlan_id": "3797",
            "vpn_access": {
              "OrgOverlay": {
                "advertised_subnet": null,
                "allow_ping": null,
                "destination_nat": null,
                "nat_pool": null,
                "no_readvertise_to_lan_bgp": false,
                "no_readvertise_to_lan_ospf": false,
                "no_readvertise_to_overlay": false,
                "other_vrfs": [],
                "routed": true,
                "source_nat": null,
                "static_nat": null,
                "summarized_subnet": null,
                "summarized_subnet_to_lan_bgp": null,
                "summarized_subnet_to_lan_ospf": null
              }
            }
          },
          "sensitive_attributes": [],
          "dependencies": [
            "mist_org.terraform_test"
          ]
        }
      ]
    },
    {
      "mode": "managed",
      "type": "mist_org_network",
      "name": "network_RETAIL_DMZ_HOST10215",
      "provider": "provider[\"registry.terraform.io/juniper/mist\"]",
      "instances": [
        {
          "schema_version": 0,
          "attributes": {
            "disallow_mist_services": true,
            "gateway": null,
            "gateway6": null,
            "id": "c0af1937-ac52-4bdd-85af-daab8a3156fe",
            "internal_access": null,
            "internet_access": null,
            "isolation": true,
            "name": "RETAIL_DMZ_HOST10",
            "org_id": "15017582-6f6e-41d0-8241-a8b2062587ab",
            "routed_for_networks": null,
            "subnet": "10.100.34.97/32",
            "subnet6": null,
            "tenants": null,
            "vlan_id": "3797",
            "vpn_access": {
              "OrgOverlay": {
                "advertised_subnet": null,
                "allow_ping": null,
                "destination_nat": null,
                "nat_pool": null,
                "no_readvertise_to_lan_bgp": false,
                "no_readvertise_to_lan_ospf": false,
                "no_readvertise_to_overlay": null,
                "other_vrfs": [],
                "routed": true,
                "source_nat": null,
                "static_nat": null,
                "summarized_subnet": null,
                "summarized_subnet_to_lan_bgp": null,
                "summarized_subnet_to_lan_ospf": null
              }
            }
          },
          "sensitive_attributes": [],
          "dependencies": [
            "mist_org.terraform_test"
          ]
        }
      ]
    },
    {
      "mode": "managed",
      "type": "mist_org_network",
      "name": "network_RETAIL_DMZ_HOST5203",
      "provider": "provider[\"registry.terraform.io/juniper/mist\"]",
      "instances": [
        {
          "schema_version": 0,
          "attributes": {
            "disallow_mist_services": true,
            "gateway": null,
            "gateway6": null,
            "id": "47355742-1367-410f-abe9-f643d61443b1",
            "internal_access": null,
            "internet_access": null,
            "isolation": true,
            "name": "RETAIL_DMZ_HOST5",
            "org_id": "15017582-6f6e-41d0-8241-a8b2062587ab",
            "routed_for_networks": null,
            "subnet": "10.100.116.125/32",
            "subnet6": null,
            "tenants": null,
            "vlan_id": "3797",
            "vpn_access": {
              "OrgOverlay": {
                "advertised_subnet": null,
                "allow_ping": null,
                "destination_nat": null,
                "nat_pool": null,
                "no_readvertise_to_lan_bgp": false,
                "no_readvertise_to_lan_ospf": false,
                "no_readvertise_to_overlay": null,
                "other_vrfs": [],
                "routed": true,
                "source_nat": null,
                "static_nat": null,
                "summarized_subnet": null,
                "summarized_subnet_to_lan_bgp": null,
                "summarized_subnet_to_lan_ospf": null
              }
            }
          },
          "sensitive_attributes": [],
          "dependencies": [
            "mist_org.terraform_test"
          ]
        }
      ]
    },
    {
      "mode": "managed",
      "type": "mist_org_network",
      "name": "network_RETAIL_DMZ_HOST6210",
      "provider": "provider[\"registry.terraform.io/juniper/mist\"]",
      "instances": [
        {
          "schema_version": 0,
          "attributes": {
            "disallow_mist_services": true,
            "gateway": null,
            "gateway6": null,
            "id": "b6288078-ac8c-4bf8-b47f-6a42cbfe7c52",
            "internal_access": null,
            "internet_access": null,
            "isolation": true,
            "name": "RETAIL_DMZ_HOST6",
            "org_id": "15017582-6f6e-41d0-8241-a8b2062587ab",
            "routed_for_networks": null,
            "subnet": "10.173.7.2/32",
            "subnet6": null,
            "tenants": null,
            "vlan_id": "3797",
            "vpn_access": {
              "OrgOverlay": {
                "advertised_subnet": null,
                "allow_ping": null,
                "destination_nat": null,
                "nat_pool": null,
                "no_readvertise_to_lan_bgp": false,
                "no_readvertise_to_lan_ospf": false,
                "no_readvertise_to_overlay": null,
                "other_vrfs": [],
                "routed": true,
                "source_nat": null,
                "static_nat": null,
                "summarized_subnet": null,
                "summarized_subnet_to_lan_bgp": null,
                "summarized_subnet_to_lan_ospf": null
              }
            }
          },
          "sensitive_attributes": [],
          "dependencies": [
            "mist_org.terraform_test"
          ]
        }
      ]
    },
    {
      "mode": "managed",
      "type": "mist_org_network",
      "name": "network_RETAIL_DMZ_HOST8242",
      "provider": "provider[\"registry.terraform.io/juniper/mist\"]",
      "instances": [
        {
          "schema_version": 0,
          "attributes": {
            "disallow_mist_services": true,
            "gateway": null,
            "gateway6": null,
            "id": "f6d9478f-20f6-4062-92f2-ba7587486f17",
            "internal_access": null,
            "internet_access": null,
            "isolation": true,
            "name": "RETAIL_DMZ_HOST8",
            "org_id": "15017582-6f6e-41d0-8241-a8b2062587ab",
            "routed_for_networks": null,
            "subnet": "10.100.36.78/32",
            "subnet6": null,
            "tenants": null,
            "vlan_id": "3797",
            "vpn_access": {
              "OrgOverlay": {
                "advertised_subnet": null,
                "allow_ping": null,
                "destination_nat": null,
                "nat_pool": null,
                "no_readvertise_to_lan_bgp": false,
                "no_readvertise_to_lan_ospf": false,
                "no_readvertise_to_overlay": null,
                "other_vrfs": [],
                "routed": true,
                "source_nat": null,
                "static_nat": null,
                "summarized_subnet": null,
                "summarized_subnet_to_lan_bgp": null,
                "summarized_subnet_to_lan_ospf": null
              }
            }
          },
          "sensitive_attributes": [],
          "dependencies": [
            "mist_org.terraform_test"
          ]
        }
      ]
    },
    {
      "mode": "managed",
      "type": "mist_org_network",
      "name": "network_SC_CORP_WIRELESS141",
      "provider": "provider[\"registry.terraform.io/juniper/mist\"]",
      "instances": [
        {
          "schema_version": 0,
          "attributes": {
            "disallow_mist_services": true,
            "gateway": null,
            "gateway6": null,
            "id": "f1186da8-50a7-4430-9629-4b679c1d0c7a",
            "internal_access": null,
            "internet_access": null,
            "isolation": true,
            "name": "SC_CORP-WIRELESS",
            "org_id": "15017582-6f6e-41d0-8241-a8b2062587ab",
            "routed_for_networks": null,
            "subnet": "{{sc_corp_wireless}}/{{sc_corp_wireless_cidr}}",
            "subnet6": null,
            "tenants": null,
            "vlan_id": "200",
            "vpn_access": {
              "OrgOverlay": {
                "advertised_subnet": null,
                "allow_ping": null,
                "destination_nat": null,
                "nat_pool": null,
                "no_readvertise_to_lan_bgp": false,
                "no_readvertise_to_lan_ospf": false,
                "no_readvertise_to_overlay": null,
                "other_vrfs": [],
                "routed": true,
                "source_nat": null,
                "static_nat": null,
                "summarized_subnet": null,
                "summarized_subnet_to_lan_bgp": null,
                "summarized_subnet_to_lan_ospf": null
              }
            }
          },
          "sensitive_attributes": [],
          "dependencies": [
            "mist_org.terraform_test"
          ]
        }
      ]
    },
    {
      "mode": "managed",
      "type": "mist_org_network",
      "name": "network_SC_CORP_WIRELESS_VL20043",
      "provider": "provider[\"registry.terraform.io/juniper/mist\"]",
      "instances": [
        {
          "schema_version": 0,
          "attributes": {
            "disallow_mist_services": true,
            "gateway": null,
            "gateway6": null,
            "id": "efdd9d7e-d25e-4442-ad57-07771d8d6bcd",
            "internal_access": null,
            "internet_access": null,
            "isolation": true,
            "name": "SC_CORP-WIRELESS_VL200",
            "org_id": "15017582-6f6e-41d0-8241-a8b2062587ab",
            "routed_for_networks": null,
            "subnet": "{{sc_corp_wireless}}/{{sc_corp_wireless_cidr}}",
            "subnet6": null,
            "tenants": null,
            "vlan_id": "200",
            "vpn_access": {
              "OrgOverlay": {
                "advertised_subnet": null,
                "allow_ping": null,
                "destination_nat": null,
                "nat_pool": null,
                "no_readvertise_to_lan_bgp": false,
                "no_readvertise_to_lan_ospf": false,
                "no_readvertise_to_overlay": null,
                "other_vrfs": [],
                "routed": true,
                "source_nat": null,
                "static_nat": null,
                "summarized_subnet": null,
                "summarized_subnet_to_lan_bgp": null,
                "summarized_subnet_to_lan_ospf": null
              }
            }
          },
          "sensitive_attributes": [],
          "dependencies": [
            "mist_org.terraform_test"
          ]
        }
      ]
    },
    {
      "mode": "managed",
      "type": "mist_org_network",
      "name": "network_SC_DIGITAL_CUSTOMER_I130",
      "provider": "provider[\"registry.terraform.io/juniper/mist\"]",
      "instances": [
        {
          "schema_version": 0,
          "attributes": {
            "disallow_mist_services": true,
            "gateway": null,
            "gateway6": null,
            "id": "1d8a50a4-cc77-413e-bf1d-8e286bea709a",
            "internal_access": null,
            "internet_access": null,
            "isolation": true,
            "name": "SC_DIGITAL-CUSTOMER-INTERACTIVE",
            "org_id": "15017582-6f6e-41d0-8241-a8b2062587ab",
            "routed_for_networks": null,
            "subnet": "{{sc_d_customer_interactive}}/{{sc_d_customer_interactive_cidr}}",
            "subnet6": null,
            "tenants": null,
            "vlan_id": "220",
            "vpn_access": {
              "OrgOverlay": {
                "advertised_subnet": null,
                "allow_ping": null,
                "destination_nat": null,
                "nat_pool": null,
                "no_readvertise_to_lan_bgp": false,
                "no_readvertise_to_lan_ospf": false,
                "no_readvertise_to_overlay": null,
                "other_vrfs": [],
                "routed": true,
                "source_nat": null,
                "static_nat": null,
                "summarized_subnet": null,
                "summarized_subnet_to_lan_bgp": null,
                "summarized_subnet_to_lan_ospf": null
              }
            }
          },
          "sensitive_attributes": [],
          "dependencies": [
            "mist_org.terraform_test"
          ]
        }
      ]
    },
    {
      "mode": "managed",
      "type": "mist_org_network",
      "name": "network_SC_DIGITAL_INFRASTRUC134",
      "provider": "provider[\"registry.terraform.io/juniper/mist\"]",
      "instances": [
        {
          "schema_version": 0,
          "attributes": {
            "disallow_mist_services": true,
            "gateway": null,
            "gateway6": null,
            "id": "e75b19fc-7101-45c4-a461-91e81ae5a73e",
            "internal_access": null,
            "internet_access": null,
            "isolation": true,
            "name": "SC_DIGITAL-INFRASTRUCTURE",
            "org_id": "15017582-6f6e-41d0-8241-a8b2062587ab",
            "routed_for_networks": null,
            "subnet": "{{sc_d_infrastructure}}/{{sc_d_infrastructure_cidr}}",
            "subnet6": null,
            "tenants": null,
            "vlan_id": "230",
            "vpn_access": {
              "OrgOverlay": {
                "advertised_subnet": null,
                "allow_ping": null,
                "destination_nat": null,
                "nat_pool": null,
                "no_readvertise_to_lan_bgp": false,
                "no_readvertise_to_lan_ospf": false,
                "no_readvertise_to_overlay": null,
                "other_vrfs": [],
                "routed": true,
                "source_nat": null,
                "static_nat": null,
                "summarized_subnet": null,
                "summarized_subnet_to_lan_bgp": null,
                "summarized_subnet_to_lan_ospf": null
              }
            }
          },
          "sensitive_attributes": [],
          "dependencies": [
            "mist_org.terraform_test"
          ]
        }
      ]
    },
    {
      "mode": "managed",
      "type": "mist_org_network",
      "name": "network_SC_DIGITAL_MEDIA136",
      "provider": "provider[\"registry.terraform.io/juniper/mist\"]",
      "instances": [
        {
          "schema_version": 0,
          "attributes": {
            "disallow_mist_services": true,
            "gateway": null,
            "gateway6": null,
            "id": "c7fb7259-6e34-4007-b914-2198304e5520",
            "internal_access": null,
            "internet_access": null,
            "isolation": true,
            "name": "SC_DIGITAL-MEDIA",
            "org_id": "15017582-6f6e-41d0-8241-a8b2062587ab",
            "routed_for_networks": null,
            "subnet": "{{sc_d_media}}/{{sc_d_media_cidr}}",
            "subnet6": null,
            "tenants": null,
            "vlan_id": "400",
            "vpn_access": {
              "OrgOverlay": {
                "advertised_subnet": null,
                "allow_ping": null,
                "destination_nat": null,
                "nat_pool": null,
                "no_readvertise_to_lan_bgp": false,
                "no_readvertise_to_lan_ospf": false,
                "no_readvertise_to_overlay": null,
                "other_vrfs": [],
                "routed": true,
                "source_nat": null,
                "static_nat": null,
                "summarized_subnet": null,
                "summarized_subnet_to_lan_bgp": null,
                "summarized_subnet_to_lan_ospf": null
              }
            }
          },
          "sensitive_attributes": [],
          "dependencies": [
            "mist_org.terraform_test"
          ]
        }
      ]
    },
    {
      "mode": "managed",
      "type": "mist_org_network",
      "name": "network_SC_DIGITAL_VL40061",
      "provider": "provider[\"registry.terraform.io/juniper/mist\"]",
      "instances": [
        {
          "schema_version": 0,
          "attributes": {
            "disallow_mist_services": true,
            "gateway": null,
            "gateway6": null,
            "id": "cea70809-abfc-403b-b784-42c40015bc8d",
            "internal_access": null,
            "internet_access": null,
            "isolation": true,
            "name": "SC_DIGITAL_VL400",
            "org_id": "15017582-6f6e-41d0-8241-a8b2062587ab",
            "routed_for_networks": null,
            "subnet": "{{sc_d_media}}/{{sc_d_media_cidr}}",
            "subnet6": null,
            "tenants": null,
            "vlan_id": "400",
            "vpn_access": {
              "OrgOverlay": {
                "advertised_subnet": null,
                "allow_ping": null,
                "destination_nat": null,
                "nat_pool": null,
                "no_readvertise_to_lan_bgp": false,
                "no_readvertise_to_lan_ospf": false,
                "no_readvertise_to_overlay": null,
                "other_vrfs": [],
                "routed": true,
                "source_nat": null,
                "static_nat": null,
                "summarized_subnet": null,
                "summarized_subnet_to_lan_bgp": null,
                "summarized_subnet_to_lan_ospf": null
              }
            }
          },
          "sensitive_attributes": [],
          "dependencies": [
            "mist_org.terraform_test"
          ]
        }
      ]
    },
    {
      "mode": "managed",
      "type": "mist_org_network",
      "name": "network_SC_DVR_VL30051",
      "provider": "provider[\"registry.terraform.io/juniper/mist\"]",
      "instances": [
        {
          "schema_version": 0,
          "attributes": {
            "disallow_mist_services": true,
            "gateway": null,
            "gateway6": null,
            "id": "ddabac9f-621e-4edf-a46f-1f3e0dd4406b",
            "internal_access": null,
            "internet_access": null,
            "isolation": true,
            "name": "SC_DVR_VL300",
            "org_id": "15017582-6f6e-41d0-8241-a8b2062587ab",
            "routed_for_networks": null,
            "subnet": "{{sc_dvr}}/{{sc_dvr_cidr}}",
            "subnet6": null,
            "tenants": null,
            "vlan_id": "300",
            "vpn_access": {
              "OrgOverlay": {
                "advertised_subnet": null,
                "allow_ping": null,
                "destination_nat": null,
                "nat_pool": null,
                "no_readvertise_to_lan_bgp": false,
                "no_readvertise_to_lan_ospf": false,
                "no_readvertise_to_overlay": null,
                "other_vrfs": [],
                "routed": true,
                "source_nat": null,
                "static_nat": null,
                "summarized_subnet": null,
                "summarized_subnet_to_lan_bgp": null,
                "summarized_subnet_to_lan_ospf": null
              }
            }
          },
          "sensitive_attributes": [],
          "dependencies": [
            "mist_org.terraform_test"
          ]
        }
      ]
    },
    {
      "mode": "managed",
      "type": "mist_org_network",
      "name": "network_SC_GWiFi95",
      "provider": "provider[\"registry.terraform.io/juniper/mist\"]",
      "instances": [
        {
          "schema_version": 0,
          "attributes": {
            "disallow_mist_services": true,
            "gateway": null,
            "gateway6": null,
            "id": "9126fedc-bac0-42e0-b027-55f208c3d98f",
            "internal_access": null,
            "internet_access": null,
            "isolation": true,
            "name": "SC_GWiFi",
            "org_id": "15017582-6f6e-41d0-8241-a8b2062587ab",
            "routed_for_networks": null,
            "subnet": "{{sc_gwifi}}/{{sc_gwifi_cidr}}",
            "subnet6": null,
            "tenants": null,
            "vlan_id": "202",
            "vpn_access": null
          },
          "sensitive_attributes": [],
          "dependencies": [
            "mist_org.terraform_test"
          ]
        }
      ]
    },
    {
      "mode": "managed",
      "type": "mist_org_network",
      "name": "network_SC_GWiFi_VL20265",
      "provider": "provider[\"registry.terraform.io/juniper/mist\"]",
      "instances": [
        {
          "schema_version": 0,
          "attributes": {
            "disallow_mist_services": true,
            "gateway": null,
            "gateway6": null,
            "id": "7faee7d2-a41a-4581-88af-8b1c5f3d2d64",
            "internal_access": null,
            "internet_access": null,
            "isolation": true,
            "name": "SC_GWiFi_VL202",
            "org_id": "15017582-6f6e-41d0-8241-a8b2062587ab",
            "routed_for_networks": null,
            "subnet": "{{sc_gwifi}}/{{sc_gwifi_cidr}}",
            "subnet6": null,
            "tenants": null,
            "vlan_id": "202",
            "vpn_access": null
          },
          "sensitive_attributes": [],
          "dependencies": [
            "mist_org.terraform_test"
          ]
        }
      ]
    },
    {
      "mode": "managed",
      "type": "mist_org_network",
      "name": "network_SC_LTE_MGMT_VL888246",
      "provider": "provider[\"registry.terraform.io/juniper/mist\"]",
      "instances": [
        {
          "schema_version": 0,
          "attributes": {
            "disallow_mist_services": true,
            "gateway": null,
            "gateway6": null,
            "id": "c8e8c77a-cd6f-461f-a8d2-bd80a0006c94",
            "internal_access": null,
            "internet_access": null,
            "isolation": true,
            "name": "SC_LTE-MGMT_VL888",
            "org_id": "15017582-6f6e-41d0-8241-a8b2062587ab",
            "routed_for_networks": null,
            "subnet": "192.168.98.0/30",
            "subnet6": null,
            "tenants": null,
            "vlan_id": "888",
            "vpn_access": {
              "OrgOverlay": {
                "advertised_subnet": null,
                "allow_ping": null,
                "destination_nat": null,
                "nat_pool": "{{sc_natted_ip}}/32",
                "no_readvertise_to_lan_bgp": false,
                "no_readvertise_to_lan_ospf": false,
                "no_readvertise_to_overlay": null,
                "other_vrfs": [],
                "routed": false,
                "source_nat": null,
                "static_nat": {
                  "{{sc_natted_ip}}": {
                    "internal_ip": "192.168.98.2",
                    "name": "SMI-TO-LTE",
                    "wan_name": null
                  }
                },
                "summarized_subnet": null,
                "summarized_subnet_to_lan_bgp": null,
                "summarized_subnet_to_lan_ospf": null
              }
            }
          },
          "sensitive_attributes": [],
          "dependencies": [
            "mist_org.terraform_test"
          ]
        }
      ]
    },
    {
      "mode": "managed",
      "type": "mist_org_network",
      "name": "network_SC_MGMT93",
      "provider": "provider[\"registry.terraform.io/juniper/mist\"]",
      "instances": [
        {
          "schema_version": 0,
          "attributes": {
            "disallow_mist_services": false,
            "gateway": null,
            "gateway6": null,
            "id": "ddf05972-9acd-4629-acbb-c7e6cd9f8694",
            "internal_access": null,
            "internet_access": null,
            "isolation": true,
            "name": "SC_MGMT",
            "org_id": "15017582-6f6e-41d0-8241-a8b2062587ab",
            "routed_for_networks": null,
            "subnet": "{{sc_default}}/{{sc_default_cidr}}",
            "subnet6": null,
            "tenants": {
              "SC_Lab_Mgmt": {
                "addresses": [
                  "10.164.255.0/26"
                ]
              }
            },
            "vlan_id": null,
            "vpn_access": {
              "OrgOverlay": {
                "advertised_subnet": null,
                "allow_ping": null,
                "destination_nat": null,
                "nat_pool": null,
                "no_readvertise_to_lan_bgp": false,
                "no_readvertise_to_lan_ospf": false,
                "no_readvertise_to_overlay": null,
                "other_vrfs": [],
                "routed": true,
                "source_nat": null,
                "static_nat": null,
                "summarized_subnet": null,
                "summarized_subnet_to_lan_bgp": null,
                "summarized_subnet_to_lan_ospf": null
              }
            }
          },
          "sensitive_attributes": [],
          "dependencies": [
            "mist_org.terraform_test"
          ]
        }
      ]
    },
    {
      "mode": "managed",
      "type": "mist_org_network",
      "name": "network_SC_MGMT_VL142",
      "provider": "provider[\"registry.terraform.io/juniper/mist\"]",
      "instances": [
        {
          "schema_version": 0,
          "attributes": {
            "disallow_mist_services": false,
            "gateway": null,
            "gateway6": null,
            "id": "31bf2b21-ee44-4974-a3c3-ddc5a0457fe1",
            "internal_access": null,
            "internet_access": null,
            "isolation": true,
            "name": "SC_MGMT_VL1",
            "org_id": "15017582-6f6e-41d0-8241-a8b2062587ab",
            "routed_for_networks": null,
            "subnet": "{{sc_default}}/{{sc_default_cidr}}",
            "subnet6": null,
            "tenants": null,
            "vlan_id": null,
            "vpn_access": {
              "OrgOverlay": {
                "advertised_subnet": null,
                "allow_ping": null,
                "destination_nat": null,
                "nat_pool": null,
                "no_readvertise_to_lan_bgp": false,
                "no_readvertise_to_lan_ospf": false,
                "no_readvertise_to_overlay": null,
                "other_vrfs": [],
                "routed": true,
                "source_nat": null,
                "static_nat": null,
                "summarized_subnet": null,
                "summarized_subnet_to_lan_bgp": null,
                "summarized_subnet_to_lan_ospf": null
              }
            }
          },
          "sensitive_attributes": [],
          "dependencies": [
            "mist_org.terraform_test"
          ]
        }
      ]
    },
    {
      "mode": "managed",
      "type": "mist_org_network",
      "name": "network_SC_POS74",
      "provider": "provider[\"registry.terraform.io/juniper/mist\"]",
      "instances": [
        {
          "schema_version": 0,
          "attributes": {
            "disallow_mist_services": true,
            "gateway": null,
            "gateway6": null,
            "id": "8bb5487a-601d-4279-86fe-9a907b9efb98",
            "internal_access": null,
            "internet_access": null,
            "isolation": true,
            "name": "SC_POS",
            "org_id": "15017582-6f6e-41d0-8241-a8b2062587ab",
            "routed_for_networks": null,
            "subnet": "{{sc_pos}}/{{sc_pos_cidr}}",
            "subnet6": null,
            "tenants": null,
            "vlan_id": "100",
            "vpn_access": {
              "OrgOverlay": {
                "advertised_subnet": null,
                "allow_ping": null,
                "destination_nat": null,
                "nat_pool": null,
                "no_readvertise_to_lan_bgp": false,
                "no_readvertise_to_lan_ospf": false,
                "no_readvertise_to_overlay": null,
                "other_vrfs": [],
                "routed": true,
                "source_nat": null,
                "static_nat": null,
                "summarized_subnet": null,
                "summarized_subnet_to_lan_bgp": null,
                "summarized_subnet_to_lan_ospf": null
              }
            }
          },
          "sensitive_attributes": [],
          "dependencies": [
            "mist_org.terraform_test"
          ]
        }
      ]
    },
    {
      "mode": "managed",
      "type": "mist_org_network",
      "name": "network_SC_POS_VL10063",
      "provider": "provider[\"registry.terraform.io/juniper/mist\"]",
      "instances": [
        {
          "schema_version": 0,
          "attributes": {
            "disallow_mist_services": true,
            "gateway": null,
            "gateway6": null,
            "id": "9acf0867-4eff-44a3-9376-9a57a27a907d",
            "internal_access": null,
            "internet_access": null,
            "isolation": true,
            "name": "SC_POS_VL100",
            "org_id": "15017582-6f6e-41d0-8241-a8b2062587ab",
            "routed_for_networks": null,
            "subnet": "{{sc_pos}}/{{sc_pos_cidr}}",
            "subnet6": null,
            "tenants": null,
            "vlan_id": "100",
            "vpn_access": {
              "OrgOverlay": {
                "advertised_subnet": null,
                "allow_ping": null,
                "destination_nat": null,
                "nat_pool": null,
                "no_readvertise_to_lan_bgp": false,
                "no_readvertise_to_lan_ospf": false,
                "no_readvertise_to_overlay": null,
                "other_vrfs": [],
                "routed": true,
                "source_nat": null,
                "static_nat": null,
                "summarized_subnet": null,
                "summarized_subnet_to_lan_bgp": null,
                "summarized_subnet_to_lan_ospf": null
              }
            }
          },
          "sensitive_attributes": [],
          "dependencies": [
            "mist_org.terraform_test"
          ]
        }
      ]
    },
    {
      "mode": "managed",
      "type": "mist_org_network",
      "name": "network_SC_PRINTERS28",
      "provider": "provider[\"registry.terraform.io/juniper/mist\"]",
      "instances": [
        {
          "schema_version": 0,
          "attributes": {
            "disallow_mist_services": true,
            "gateway": null,
            "gateway6": null,
            "id": "c18534c6-1aa0-43d1-babe-c1c9feaefeac",
            "internal_access": null,
            "internet_access": null,
            "isolation": true,
            "name": "SC_PRINTERS",
            "org_id": "15017582-6f6e-41d0-8241-a8b2062587ab",
            "routed_for_networks": null,
            "subnet": "{{sc_printers}}/{{sc_printers_cidr}}",
            "subnet6": null,
            "tenants": null,
            "vlan_id": "102",
            "vpn_access": {
              "OrgOverlay": {
                "advertised_subnet": null,
                "allow_ping": null,
                "destination_nat": null,
                "nat_pool": null,
                "no_readvertise_to_lan_bgp": false,
                "no_readvertise_to_lan_ospf": false,
                "no_readvertise_to_overlay": null,
                "other_vrfs": [],
                "routed": true,
                "source_nat": null,
                "static_nat": null,
                "summarized_subnet": null,
                "summarized_subnet_to_lan_bgp": null,
                "summarized_subnet_to_lan_ospf": null
              }
            }
          },
          "sensitive_attributes": [],
          "dependencies": [
            "mist_org.terraform_test"
          ]
        }
      ]
    },
    {
      "mode": "managed",
      "type": "mist_org_network",
      "name": "network_SC_PRINTERS_VL10221",
      "provider": "provider[\"registry.terraform.io/juniper/mist\"]",
      "instances": [
        {
          "schema_version": 0,
          "attributes": {
            "disallow_mist_services": true,
            "gateway": null,
            "gateway6": null,
            "id": "c5065521-9936-4451-8b2d-7d9eb48bffc8",
            "internal_access": null,
            "internet_access": null,
            "isolation": true,
            "name": "SC_PRINTERS_VL102",
            "org_id": "15017582-6f6e-41d0-8241-a8b2062587ab",
            "routed_for_networks": null,
            "subnet": "{{sc_printers}}/{{sc_printers_cidr}}",
            "subnet6": null,
            "tenants": null,
            "vlan_id": "102",
            "vpn_access": {
              "OrgOverlay": {
                "advertised_subnet": null,
                "allow_ping": null,
                "destination_nat": null,
                "nat_pool": null,
                "no_readvertise_to_lan_bgp": false,
                "no_readvertise_to_lan_ospf": false,
                "no_readvertise_to_overlay": null,
                "other_vrfs": [],
                "routed": true,
                "source_nat": null,
                "static_nat": null,
                "summarized_subnet": null,
                "summarized_subnet_to_lan_bgp": null,
                "summarized_subnet_to_lan_ospf": null
              }
            }
          },
          "sensitive_attributes": [],
          "dependencies": [
            "mist_org.terraform_test"
          ]
        }
      ]
    },
    {
      "mode": "managed",
      "type": "mist_org_network",
      "name": "network_SC_SECURITY142",
      "provider": "provider[\"registry.terraform.io/juniper/mist\"]",
      "instances": [
        {
          "schema_version": 0,
          "attributes": {
            "disallow_mist_services": true,
            "gateway": null,
            "gateway6": null,
            "id": "e2e918c3-8e63-425d-861c-78caf9bb33b0",
            "internal_access": null,
            "internet_access": null,
            "isolation": true,
            "name": "SC_SECURITY",
            "org_id": "15017582-6f6e-41d0-8241-a8b2062587ab",
            "routed_for_networks": null,
            "subnet": "{{sc_security}}/{{sc_security_cidr}}",
            "subnet6": null,
            "tenants": null,
            "vlan_id": "300",
            "vpn_access": {
              "OrgOverlay": {
                "advertised_subnet": null,
                "allow_ping": null,
                "destination_nat": null,
                "nat_pool": null,
                "no_readvertise_to_lan_bgp": false,
                "no_readvertise_to_lan_ospf": false,
                "no_readvertise_to_overlay": null,
                "other_vrfs": [],
                "routed": true,
                "source_nat": null,
                "static_nat": null,
                "summarized_subnet": null,
                "summarized_subnet_to_lan_bgp": null,
                "summarized_subnet_to_lan_ospf": null
              }
            }
          },
          "sensitive_attributes": [],
          "dependencies": [
            "mist_org.terraform_test"
          ]
        }
      ]
    },
    {
      "mode": "managed",
      "type": "mist_org_network",
      "name": "network_SC_TABLETS86",
      "provider": "provider[\"registry.terraform.io/juniper/mist\"]",
      "instances": [
        {
          "schema_version": 0,
          "attributes": {
            "disallow_mist_services": true,
            "gateway": null,
            "gateway6": null,
            "id": "55bf8133-b54b-4b02-b225-b0ce65178568",
            "internal_access": null,
            "internet_access": null,
            "isolation": true,
            "name": "SC_TABLETS",
            "org_id": "15017582-6f6e-41d0-8241-a8b2062587ab",
            "routed_for_networks": null,
            "subnet": "{{sc_tablets}}/{{sc_tablets_cidr}}",
            "subnet6": null,
            "tenants": null,
            "vlan_id": "201",
            "vpn_access": {
              "OrgOverlay": {
                "advertised_subnet": null,
                "allow_ping": null,
                "destination_nat": null,
                "nat_pool": null,
                "no_readvertise_to_lan_bgp": false,
                "no_readvertise_to_lan_ospf": false,
                "no_readvertise_to_overlay": null,
                "other_vrfs": [],
                "routed": true,
                "source_nat": null,
                "static_nat": null,
                "summarized_subnet": null,
                "summarized_subnet_to_lan_bgp": null,
                "summarized_subnet_to_lan_ospf": null
              }
            }
          },
          "sensitive_attributes": [],
          "dependencies": [
            "mist_org.terraform_test"
          ]
        }
      ]
    },
    {
      "mode": "managed",
      "type": "mist_org_network",
      "name": "network_SC_TABLETS_VL2013",
      "provider": "provider[\"registry.terraform.io/juniper/mist\"]",
      "instances": [
        {
          "schema_version": 0,
          "attributes": {
            "disallow_mist_services": true,
            "gateway": null,
            "gateway6": null,
            "id": "29fb0ee3-20eb-4229-a01c-6ae94c589819",
            "internal_access": null,
            "internet_access": null,
            "isolation": true,
            "name": "SC_TABLETS_VL201",
            "org_id": "15017582-6f6e-41d0-8241-a8b2062587ab",
            "routed_for_networks": null,
            "subnet": "{{sc_tablets}}/{{sc_tablets_cidr}}",
            "subnet6": null,
            "tenants": null,
            "vlan_id": "201",
            "vpn_access": {
              "OrgOverlay": {
                "advertised_subnet": null,
                "allow_ping": null,
                "destination_nat": null,
                "nat_pool": null,
                "no_readvertise_to_lan_bgp": false,
                "no_readvertise_to_lan_ospf": false,
                "no_readvertise_to_overlay": null,
                "other_vrfs": [],
                "routed": true,
                "source_nat": null,
                "static_nat": null,
                "summarized_subnet": null,
                "summarized_subnet_to_lan_bgp": null,
                "summarized_subnet_to_lan_ospf": null
              }
            }
          },
          "sensitive_attributes": [],
          "dependencies": [
            "mist_org.terraform_test"
          ]
        }
      ]
    },
    {
      "mode": "managed",
      "type": "mist_org_network",
      "name": "network_SC_THIRD_PARTY57",
      "provider": "provider[\"registry.terraform.io/juniper/mist\"]",
      "instances": [
        {
          "schema_version": 0,
          "attributes": {
            "disallow_mist_services": true,
            "gateway": null,
            "gateway6": null,
            "id": "a95454cf-9b9a-4ccd-9a30-84c158e6f0ee",
            "internal_access": null,
            "internet_access": null,
            "isolation": true,
            "name": "SC_THIRD-PARTY",
            "org_id": "15017582-6f6e-41d0-8241-a8b2062587ab",
            "routed_for_networks": null,
            "subnet": "{{sc_third_party}}/{{sc_third_party_cidr}}",
            "subnet6": null,
            "tenants": null,
            "vlan_id": "700",
            "vpn_access": {
              "OrgOverlay": {
                "advertised_subnet": null,
                "allow_ping": null,
                "destination_nat": null,
                "nat_pool": null,
                "no_readvertise_to_lan_bgp": false,
                "no_readvertise_to_lan_ospf": false,
                "no_readvertise_to_overlay": null,
                "other_vrfs": [],
                "routed": true,
                "source_nat": null,
                "static_nat": null,
                "summarized_subnet": null,
                "summarized_subnet_to_lan_bgp": null,
                "summarized_subnet_to_lan_ospf": null
              }
            }
          },
          "sensitive_attributes": [],
          "dependencies": [
            "mist_org.terraform_test"
          ]
        }
      ]
    },
    {
      "mode": "managed",
      "type": "mist_org_network",
      "name": "network_SC_THIRD_PARTY_VL70032",
      "provider": "provider[\"registry.terraform.io/juniper/mist\"]",
      "instances": [
        {
          "schema_version": 0,
          "attributes": {
            "disallow_mist_services": true,
            "gateway": null,
            "gateway6": null,
            "id": "7f4750e8-8673-4c1c-8700-8fafbe5c9fd5",
            "internal_access": null,
            "internet_access": null,
            "isolation": true,
            "name": "SC_THIRD-PARTY_VL700",
            "org_id": "15017582-6f6e-41d0-8241-a8b2062587ab",
            "routed_for_networks": null,
            "subnet": "{{sc_third_party}}/{{sc_third_party_cidr}}",
            "subnet6": null,
            "tenants": null,
            "vlan_id": "700",
            "vpn_access": {
              "OrgOverlay": {
                "advertised_subnet": null,
                "allow_ping": null,
                "destination_nat": null,
                "nat_pool": null,
                "no_readvertise_to_lan_bgp": false,
                "no_readvertise_to_lan_ospf": false,
                "no_readvertise_to_overlay": null,
                "other_vrfs": [],
                "routed": true,
                "source_nat": null,
                "static_nat": null,
                "summarized_subnet": null,
                "summarized_subnet_to_lan_bgp": null,
                "summarized_subnet_to_lan_ospf": null
              }
            }
          },
          "sensitive_attributes": [],
          "dependencies": [
            "mist_org.terraform_test"
          ]
        }
      ]
    },
    {
      "mode": "managed",
      "type": "mist_org_network",
      "name": "network_SC_VOIP122",
      "provider": "provider[\"registry.terraform.io/juniper/mist\"]",
      "instances": [
        {
          "schema_version": 0,
          "attributes": {
            "disallow_mist_services": true,
            "gateway": null,
            "gateway6": null,
            "id": "80260fa8-c3be-4c89-9cf6-eb18c9487099",
            "internal_access": null,
            "internet_access": null,
            "isolation": true,
            "name": "SC_VOIP",
            "org_id": "15017582-6f6e-41d0-8241-a8b2062587ab",
            "routed_for_networks": null,
            "subnet": "{{sc_voip}}/{{sc_voip_cidr}}",
            "subnet6": null,
            "tenants": null,
            "vlan_id": "500",
            "vpn_access": {
              "OrgOverlay": {
                "advertised_subnet": null,
                "allow_ping": null,
                "destination_nat": null,
                "nat_pool": null,
                "no_readvertise_to_lan_bgp": false,
                "no_readvertise_to_lan_ospf": false,
                "no_readvertise_to_overlay": null,
                "other_vrfs": [],
                "routed": true,
                "source_nat": null,
                "static_nat": null,
                "summarized_subnet": null,
                "summarized_subnet_to_lan_bgp": null,
                "summarized_subnet_to_lan_ospf": null
              }
            }
          },
          "sensitive_attributes": [],
          "dependencies": [
            "mist_org.terraform_test"
          ]
        }
      ]
    },
    {
      "mode": "managed",
      "type": "mist_org_network",
      "name": "network_SC_VOIP_VL50033",
      "provider": "provider[\"registry.terraform.io/juniper/mist\"]",
      "instances": [
        {
          "schema_version": 0,
          "attributes": {
            "disallow_mist_services": true,
            "gateway": null,
            "gateway6": null,
            "id": "9c5cfdcb-dc0a-4060-9a74-d4b2b9965c6f",
            "internal_access": null,
            "internet_access": null,
            "isolation": true,
            "name": "SC_VOIP_VL500",
            "org_id": "15017582-6f6e-41d0-8241-a8b2062587ab",
            "routed_for_networks": null,
            "subnet": "{{sc_voip}}/{{sc_voip_cidr}}",
            "subnet6": null,
            "tenants": null,
            "vlan_id": "500",
            "vpn_access": {
              "OrgOverlay": {
                "advertised_subnet": null,
                "allow_ping": null,
                "destination_nat": null,
                "nat_pool": null,
                "no_readvertise_to_lan_bgp": false,
                "no_readvertise_to_lan_ospf": false,
                "no_readvertise_to_overlay": null,
                "other_vrfs": [],
                "routed": true,
                "source_nat": null,
                "static_nat": null,
                "summarized_subnet": null,
                "summarized_subnet_to_lan_bgp": null,
                "summarized_subnet_to_lan_ospf": null
              }
            }
          },
          "sensitive_attributes": [],
          "dependencies": [
            "mist_org.terraform_test"
          ]
        }
      ]
    },
    {
      "mode": "managed",
      "type": "mist_org_network",
      "name": "network_SC_WORKSTATIONS115",
      "provider": "provider[\"registry.terraform.io/juniper/mist\"]",
      "instances": [
        {
          "schema_version": 0,
          "attributes": {
            "disallow_mist_services": true,
            "gateway": null,
            "gateway6": null,
            "id": "091cf5a2-a659-4324-b607-abc4852ad53c",
            "internal_access": null,
            "internet_access": null,
            "isolation": true,
            "name": "SC_WORKSTATIONS",
            "org_id": "15017582-6f6e-41d0-8241-a8b2062587ab",
            "routed_for_networks": null,
            "subnet": "{{sc_workstations}}/{{sc_workstations_cidr}}",
            "subnet6": null,
            "tenants": null,
            "vlan_id": "101",
            "vpn_access": {
              "OrgOverlay": {
                "advertised_subnet": null,
                "allow_ping": null,
                "destination_nat": null,
                "nat_pool": null,
                "no_readvertise_to_lan_bgp": false,
                "no_readvertise_to_lan_ospf": false,
                "no_readvertise_to_overlay": null,
                "other_vrfs": [],
                "routed": true,
                "source_nat": null,
                "static_nat": null,
                "summarized_subnet": null,
                "summarized_subnet_to_lan_bgp": null,
                "summarized_subnet_to_lan_ospf": null
              }
            }
          },
          "sensitive_attributes": [],
          "dependencies": [
            "mist_org.terraform_test"
          ]
        }
      ]
    },
    {
      "mode": "managed",
      "type": "mist_org_network",
      "name": "network_SC_WORKSTATIONS_VL10120",
      "provider": "provider[\"registry.terraform.io/juniper/mist\"]",
      "instances": [
        {
          "schema_version": 0,
          "attributes": {
            "disallow_mist_services": true,
            "gateway": null,
            "gateway6": null,
            "id": "c98f6588-dad7-479a-b3d9-30e87a58dbc5",
            "internal_access": null,
            "internet_access": null,
            "isolation": true,
            "name": "SC_WORKSTATIONS_VL101",
            "org_id": "15017582-6f6e-41d0-8241-a8b2062587ab",
            "routed_for_networks": null,
            "subnet": "{{sc_workstations}}/{{sc_workstations_cidr}}",
            "subnet6": null,
            "tenants": null,
            "vlan_id": "101",
            "vpn_access": {
              "OrgOverlay": {
                "advertised_subnet": null,
                "allow_ping": null,
                "destination_nat": null,
                "nat_pool": null,
                "no_readvertise_to_lan_bgp": false,
                "no_readvertise_to_lan_ospf": false,
                "no_readvertise_to_overlay": null,
                "other_vrfs": [],
                "routed": true,
                "source_nat": null,
                "static_nat": null,
                "summarized_subnet": null,
                "summarized_subnet_to_lan_bgp": null,
                "summarized_subnet_to_lan_ospf": null
              }
            }
          },
          "sensitive_attributes": [],
          "dependencies": [
            "mist_org.terraform_test"
          ]
        }
      ]
    },
    {
      "mode": "managed",
      "type": "mist_org_network",
      "name": "network_SERVICENOW_10196",
      "provider": "provider[\"registry.terraform.io/juniper/mist\"]",
      "instances": [
        {
          "schema_version": 0,
          "attributes": {
            "disallow_mist_services": true,
            "gateway": null,
            "gateway6": null,
            "id": "250e164b-4942-4077-bfbc-8645ab7b5236",
            "internal_access": null,
            "internet_access": null,
            "isolation": true,
            "name": "SERVICENOW-10",
            "org_id": "15017582-6f6e-41d0-8241-a8b2062587ab",
            "routed_for_networks": null,
            "subnet": "10.0.0.0/8",
            "subnet6": null,
            "tenants": {
              "CTC_SERVICENOW": {
                "addresses": [
                  "10.126.57.239/32",
                  "10.126.57.240/32",
                  "10.126.57.157/32",
                  "10.127.90.192/27"
                ]
              }
            },
            "vlan_id": "3797",
            "vpn_access": {
              "OrgOverlay": {
                "advertised_subnet": null,
                "allow_ping": null,
                "destination_nat": null,
                "nat_pool": null,
                "no_readvertise_to_lan_bgp": false,
                "no_readvertise_to_lan_ospf": false,
                "no_readvertise_to_overlay": null,
                "other_vrfs": [],
                "routed": true,
                "source_nat": null,
                "static_nat": null,
                "summarized_subnet": null,
                "summarized_subnet_to_lan_bgp": null,
                "summarized_subnet_to_lan_ospf": null
              }
            }
          },
          "sensitive_attributes": [],
          "dependencies": [
            "mist_org.terraform_test"
          ]
        }
      ]
    },
    {
      "mode": "managed",
      "type": "mist_org_network",
      "name": "network_SE_CORP_WIRELESS80",
      "provider": "provider[\"registry.terraform.io/juniper/mist\"]",
      "instances": [
        {
          "schema_version": 0,
          "attributes": {
            "disallow_mist_services": true,
            "gateway": null,
            "gateway6": null,
            "id": "135952c3-d60b-4571-a5f8-b574974e3f04",
            "internal_access": null,
            "internet_access": null,
            "isolation": true,
            "name": "SE_CORP-WIRELESS",
            "org_id": "15017582-6f6e-41d0-8241-a8b2062587ab",
            "routed_for_networks": null,
            "subnet": "{{se_corp_wireless}}/{{se_corp_wireless_cidr}}",
            "subnet6": null,
            "tenants": null,
            "vlan_id": "200",
            "vpn_access": {
              "OrgOverlay": {
                "advertised_subnet": null,
                "allow_ping": null,
                "destination_nat": null,
                "nat_pool": null,
                "no_readvertise_to_lan_bgp": false,
                "no_readvertise_to_lan_ospf": false,
                "no_readvertise_to_overlay": null,
                "other_vrfs": [],
                "routed": true,
                "source_nat": null,
                "static_nat": null,
                "summarized_subnet": null,
                "summarized_subnet_to_lan_bgp": null,
                "summarized_subnet_to_lan_ospf": null
              }
            }
          },
          "sensitive_attributes": [],
          "dependencies": [
            "mist_org.terraform_test"
          ]
        }
      ]
    },
    {
      "mode": "managed",
      "type": "mist_org_network",
      "name": "network_SE_F_WIRED30",
      "provider": "provider[\"registry.terraform.io/juniper/mist\"]",
      "instances": [
        {
          "schema_version": 0,
          "attributes": {
            "disallow_mist_services": true,
            "gateway": null,
            "gateway6": null,
            "id": "d44eb6ec-02c1-4306-9aa4-d39d4258433a",
            "internal_access": null,
            "internet_access": null,
            "isolation": true,
            "name": "SE_F-WIRED",
            "org_id": "15017582-6f6e-41d0-8241-a8b2062587ab",
            "routed_for_networks": null,
            "subnet": "{{se_f_wired}}/{{se_f_wired_cidr}}",
            "subnet6": null,
            "tenants": null,
            "vlan_id": "600",
            "vpn_access": null
          },
          "sensitive_attributes": [],
          "dependencies": [
            "mist_org.terraform_test"
          ]
        }
      ]
    },
    {
      "mode": "managed",
      "type": "mist_org_network",
      "name": "network_SE_F_WIRELESS144",
      "provider": "provider[\"registry.terraform.io/juniper/mist\"]",
      "instances": [
        {
          "schema_version": 0,
          "attributes": {
            "disallow_mist_services": true,
            "gateway": null,
            "gateway6": null,
            "id": "dd830a80-68bb-4763-9bbe-0195e47991e1",
            "internal_access": null,
            "internet_access": null,
            "isolation": true,
            "name": "SE_F-WIRELESS",
            "org_id": "15017582-6f6e-41d0-8241-a8b2062587ab",
            "routed_for_networks": null,
            "subnet": "{{se_f_wireless}}/{{se_f_wireless_cidr}}",
            "subnet6": null,
            "tenants": null,
            "vlan_id": "601",
            "vpn_access": null
          },
          "sensitive_attributes": [],
          "dependencies": [
            "mist_org.terraform_test"
          ]
        }
      ]
    },
    {
      "mode": "managed",
      "type": "mist_org_network",
      "name": "network_SE_GWiFi166",
      "provider": "provider[\"registry.terraform.io/juniper/mist\"]",
      "instances": [
        {
          "schema_version": 0,
          "attributes": {
            "disallow_mist_services": true,
            "gateway": null,
            "gateway6": null,
            "id": "4abef96c-f439-4219-b3a2-64e635280199",
            "internal_access": null,
            "internet_access": null,
            "isolation": true,
            "name": "SE_GWiFi",
            "org_id": "15017582-6f6e-41d0-8241-a8b2062587ab",
            "routed_for_networks": null,
            "subnet": "{{se_gwifi}}/{{se_gwifi_cidr}}",
            "subnet6": null,
            "tenants": null,
            "vlan_id": "202",
            "vpn_access": null
          },
          "sensitive_attributes": [],
          "dependencies": [
            "mist_org.terraform_test"
          ]
        }
      ]
    },
    {
      "mode": "managed",
      "type": "mist_org_network",
      "name": "network_SE_MGMT161",
      "provider": "provider[\"registry.terraform.io/juniper/mist\"]",
      "instances": [
        {
          "schema_version": 0,
          "attributes": {
            "disallow_mist_services": false,
            "gateway": null,
            "gateway6": null,
            "id": "2de12ca3-0c5b-4b43-804c-7d3d856299cf",
            "internal_access": null,
            "internet_access": null,
            "isolation": true,
            "name": "SE_MGMT",
            "org_id": "15017582-6f6e-41d0-8241-a8b2062587ab",
            "routed_for_networks": null,
            "subnet": "{{se_default}}/{{se_default_cidr}}",
            "subnet6": null,
            "tenants": null,
            "vlan_id": null,
            "vpn_access": {
              "OrgOverlay": {
                "advertised_subnet": null,
                "allow_ping": null,
                "destination_nat": null,
                "nat_pool": null,
                "no_readvertise_to_lan_bgp": false,
                "no_readvertise_to_lan_ospf": false,
                "no_readvertise_to_overlay": null,
                "other_vrfs": [],
                "routed": true,
                "source_nat": null,
                "static_nat": null,
                "summarized_subnet": null,
                "summarized_subnet_to_lan_bgp": null,
                "summarized_subnet_to_lan_ospf": null
              }
            }
          },
          "sensitive_attributes": [],
          "dependencies": [
            "mist_org.terraform_test"
          ]
        }
      ]
    },
    {
      "mode": "managed",
      "type": "mist_org_network",
      "name": "network_SE_MGMT_VL1248",
      "provider": "provider[\"registry.terraform.io/juniper/mist\"]",
      "instances": [
        {
          "schema_version": 0,
          "attributes": {
            "disallow_mist_services": false,
            "gateway": null,
            "gateway6": null,
            "id": "a4842b84-9ad2-493e-80cc-3bea562b1b3c",
            "internal_access": null,
            "internet_access": null,
            "isolation": true,
            "name": "SE_MGMT_VL1",
            "org_id": "15017582-6f6e-41d0-8241-a8b2062587ab",
            "routed_for_networks": null,
            "subnet": "{{se_default}}/{{se_default_cidr}}",
            "subnet6": null,
            "tenants": null,
            "vlan_id": null,
            "vpn_access": {
              "OrgOverlay": {
                "advertised_subnet": null,
                "allow_ping": null,
                "destination_nat": null,
                "nat_pool": null,
                "no_readvertise_to_lan_bgp": false,
                "no_readvertise_to_lan_ospf": false,
                "no_readvertise_to_overlay": false,
                "other_vrfs": [],
                "routed": true,
                "source_nat": null,
                "static_nat": null,
                "summarized_subnet": null,
                "summarized_subnet_to_lan_bgp": null,
                "summarized_subnet_to_lan_ospf": null
              }
            }
          },
          "sensitive_attributes": [],
          "dependencies": [
            "mist_org.terraform_test"
          ]
        }
      ]
    },
    {
      "mode": "managed",
      "type": "mist_org_network",
      "name": "network_SE_POS137",
      "provider": "provider[\"registry.terraform.io/juniper/mist\"]",
      "instances": [
        {
          "schema_version": 0,
          "attributes": {
            "disallow_mist_services": true,
            "gateway": null,
            "gateway6": null,
            "id": "8be1fc8f-987d-4645-b40d-376dfb1be6a0",
            "internal_access": null,
            "internet_access": null,
            "isolation": true,
            "name": "SE_POS",
            "org_id": "15017582-6f6e-41d0-8241-a8b2062587ab",
            "routed_for_networks": null,
            "subnet": "{{se_pos}}/{{se_pos_cidr}}",
            "subnet6": null,
            "tenants": null,
            "vlan_id": "100",
            "vpn_access": {
              "OrgOverlay": {
                "advertised_subnet": null,
                "allow_ping": null,
                "destination_nat": null,
                "nat_pool": null,
                "no_readvertise_to_lan_bgp": false,
                "no_readvertise_to_lan_ospf": false,
                "no_readvertise_to_overlay": null,
                "other_vrfs": [],
                "routed": true,
                "source_nat": null,
                "static_nat": null,
                "summarized_subnet": null,
                "summarized_subnet_to_lan_bgp": null,
                "summarized_subnet_to_lan_ospf": null
              }
            }
          },
          "sensitive_attributes": [],
          "dependencies": [
            "mist_org.terraform_test"
          ]
        }
      ]
    },
    {
      "mode": "managed",
      "type": "mist_org_network",
      "name": "network_SE_POS_VL100206",
      "provider": "provider[\"registry.terraform.io/juniper/mist\"]",
      "instances": [
        {
          "schema_version": 0,
          "attributes": {
            "disallow_mist_services": true,
            "gateway": null,
            "gateway6": null,
            "id": "fc80dc30-5a78-44ef-a318-a91dbbf35d45",
            "internal_access": null,
            "internet_access": null,
            "isolation": true,
            "name": "SE_POS_VL100",
            "org_id": "15017582-6f6e-41d0-8241-a8b2062587ab",
            "routed_for_networks": null,
            "subnet": "{{se_pos}}/{{se_pos_cidr}}",
            "subnet6": null,
            "tenants": null,
            "vlan_id": "100",
            "vpn_access": {
              "OrgOverlay": {
                "advertised_subnet": null,
                "allow_ping": null,
                "destination_nat": null,
                "nat_pool": null,
                "no_readvertise_to_lan_bgp": false,
                "no_readvertise_to_lan_ospf": false,
                "no_readvertise_to_overlay": false,
                "other_vrfs": [],
                "routed": true,
                "source_nat": null,
                "static_nat": null,
                "summarized_subnet": null,
                "summarized_subnet_to_lan_bgp": null,
                "summarized_subnet_to_lan_ospf": null
              }
            }
          },
          "sensitive_attributes": [],
          "dependencies": [
            "mist_org.terraform_test"
          ]
        }
      ]
    },
    {
      "mode": "managed",
      "type": "mist_org_network",
      "name": "network_SE_PRINTERS117",
      "provider": "provider[\"registry.terraform.io/juniper/mist\"]",
      "instances": [
        {
          "schema_version": 0,
          "attributes": {
            "disallow_mist_services": true,
            "gateway": null,
            "gateway6": null,
            "id": "b1a3c8b3-2bf3-4257-a633-c86acb54e9ac",
            "internal_access": null,
            "internet_access": null,
            "isolation": true,
            "name": "SE_PRINTERS",
            "org_id": "15017582-6f6e-41d0-8241-a8b2062587ab",
            "routed_for_networks": null,
            "subnet": "{{se_printers}}/{{se_printers_cidr}}",
            "subnet6": null,
            "tenants": null,
            "vlan_id": "102",
            "vpn_access": {
              "OrgOverlay": {
                "advertised_subnet": null,
                "allow_ping": null,
                "destination_nat": null,
                "nat_pool": null,
                "no_readvertise_to_lan_bgp": false,
                "no_readvertise_to_lan_ospf": false,
                "no_readvertise_to_overlay": null,
                "other_vrfs": [],
                "routed": true,
                "source_nat": null,
                "static_nat": null,
                "summarized_subnet": null,
                "summarized_subnet_to_lan_bgp": null,
                "summarized_subnet_to_lan_ospf": null
              }
            }
          },
          "sensitive_attributes": [],
          "dependencies": [
            "mist_org.terraform_test"
          ]
        }
      ]
    },
    {
      "mode": "managed",
      "type": "mist_org_network",
      "name": "network_SE_SHOEWALL123",
      "provider": "provider[\"registry.terraform.io/juniper/mist\"]",
      "instances": [
        {
          "schema_version": 0,
          "attributes": {
            "disallow_mist_services": true,
            "gateway": null,
            "gateway6": null,
            "id": "d714ee15-a942-4aad-bc3d-2aeef43c51c4",
            "internal_access": null,
            "internet_access": null,
            "isolation": true,
            "name": "SE_SHOEWALL",
            "org_id": "15017582-6f6e-41d0-8241-a8b2062587ab",
            "routed_for_networks": null,
            "subnet": "{{se_shoewall}}/{{se_shoewall_cidr}}",
            "subnet6": null,
            "tenants": null,
            "vlan_id": "300",
            "vpn_access": {
              "OrgOverlay": {
                "advertised_subnet": null,
                "allow_ping": null,
                "destination_nat": null,
                "nat_pool": null,
                "no_readvertise_to_lan_bgp": false,
                "no_readvertise_to_lan_ospf": false,
                "no_readvertise_to_overlay": null,
                "other_vrfs": [],
                "routed": true,
                "source_nat": null,
                "static_nat": null,
                "summarized_subnet": null,
                "summarized_subnet_to_lan_bgp": null,
                "summarized_subnet_to_lan_ospf": null
              }
            }
          },
          "sensitive_attributes": [],
          "dependencies": [
            "mist_org.terraform_test"
          ]
        }
      ]
    },
    {
      "mode": "managed",
      "type": "mist_org_network",
      "name": "network_SE_TABLETS148",
      "provider": "provider[\"registry.terraform.io/juniper/mist\"]",
      "instances": [
        {
          "schema_version": 0,
          "attributes": {
            "disallow_mist_services": true,
            "gateway": null,
            "gateway6": null,
            "id": "74791269-6dcf-493f-a62c-c1acd568b8d4",
            "internal_access": null,
            "internet_access": null,
            "isolation": true,
            "name": "SE_TABLETS",
            "org_id": "15017582-6f6e-41d0-8241-a8b2062587ab",
            "routed_for_networks": null,
            "subnet": "{{se_tablets}}/{{se_tablets_cidr}}",
            "subnet6": null,
            "tenants": null,
            "vlan_id": "201",
            "vpn_access": {
              "OrgOverlay": {
                "advertised_subnet": null,
                "allow_ping": null,
                "destination_nat": null,
                "nat_pool": null,
                "no_readvertise_to_lan_bgp": false,
                "no_readvertise_to_lan_ospf": false,
                "no_readvertise_to_overlay": null,
                "other_vrfs": [],
                "routed": true,
                "source_nat": null,
                "static_nat": null,
                "summarized_subnet": null,
                "summarized_subnet_to_lan_bgp": null,
                "summarized_subnet_to_lan_ospf": null
              }
            }
          },
          "sensitive_attributes": [],
          "dependencies": [
            "mist_org.terraform_test"
          ]
        }
      ]
    },
    {
      "mode": "managed",
      "type": "mist_org_network",
      "name": "network_SE_TABLETS_VL201218",
      "provider": "provider[\"registry.terraform.io/juniper/mist\"]",
      "instances": [
        {
          "schema_version": 0,
          "attributes": {
            "disallow_mist_services": true,
            "gateway": null,
            "gateway6": null,
            "id": "8c9aa87c-3806-4cb5-b637-b1fac3dd04eb",
            "internal_access": null,
            "internet_access": null,
            "isolation": true,
            "name": "SE_TABLETS_VL201",
            "org_id": "15017582-6f6e-41d0-8241-a8b2062587ab",
            "routed_for_networks": null,
            "subnet": "{{se_tablets}}/{{se_tablets_cidr}}",
            "subnet6": null,
            "tenants": null,
            "vlan_id": "201",
            "vpn_access": {
              "OrgOverlay": {
                "advertised_subnet": null,
                "allow_ping": null,
                "destination_nat": null,
                "nat_pool": null,
                "no_readvertise_to_lan_bgp": false,
                "no_readvertise_to_lan_ospf": false,
                "no_readvertise_to_overlay": false,
                "other_vrfs": [],
                "routed": true,
                "source_nat": null,
                "static_nat": null,
                "summarized_subnet": null,
                "summarized_subnet_to_lan_bgp": null,
                "summarized_subnet_to_lan_ospf": null
              }
            }
          },
          "sensitive_attributes": [],
          "dependencies": [
            "mist_org.terraform_test"
          ]
        }
      ]
    },
    {
      "mode": "managed",
      "type": "mist_org_network",
      "name": "network_SE_THIRD_PARTY156",
      "provider": "provider[\"registry.terraform.io/juniper/mist\"]",
      "instances": [
        {
          "schema_version": 0,
          "attributes": {
            "disallow_mist_services": true,
            "gateway": null,
            "gateway6": null,
            "id": "3031c293-1c9a-4e06-89d5-f2bf20a28aa7",
            "internal_access": null,
            "internet_access": null,
            "isolation": true,
            "name": "SE_THIRD-PARTY",
            "org_id": "15017582-6f6e-41d0-8241-a8b2062587ab",
            "routed_for_networks": null,
            "subnet": "{{se_third_party}}/{{se_third_party_cidr}}",
            "subnet6": null,
            "tenants": null,
            "vlan_id": "700",
            "vpn_access": {
              "OrgOverlay": {
                "advertised_subnet": null,
                "allow_ping": null,
                "destination_nat": null,
                "nat_pool": null,
                "no_readvertise_to_lan_bgp": false,
                "no_readvertise_to_lan_ospf": false,
                "no_readvertise_to_overlay": null,
                "other_vrfs": [],
                "routed": true,
                "source_nat": null,
                "static_nat": null,
                "summarized_subnet": null,
                "summarized_subnet_to_lan_bgp": null,
                "summarized_subnet_to_lan_ospf": null
              }
            }
          },
          "sensitive_attributes": [],
          "dependencies": [
            "mist_org.terraform_test"
          ]
        }
      ]
    },
    {
      "mode": "managed",
      "type": "mist_org_network",
      "name": "network_SE_WORKSTATIONS150",
      "provider": "provider[\"registry.terraform.io/juniper/mist\"]",
      "instances": [
        {
          "schema_version": 0,
          "attributes": {
            "disallow_mist_services": true,
            "gateway": null,
            "gateway6": null,
            "id": "2ed5dae5-b683-49ff-a1b2-d9196879b5fa",
            "internal_access": null,
            "internet_access": null,
            "isolation": true,
            "name": "SE_WORKSTATIONS",
            "org_id": "15017582-6f6e-41d0-8241-a8b2062587ab",
            "routed_for_networks": null,
            "subnet": "{{se_workstations}}/{{se_workstations_cidr}}",
            "subnet6": null,
            "tenants": null,
            "vlan_id": "101",
            "vpn_access": {
              "OrgOverlay": {
                "advertised_subnet": null,
                "allow_ping": null,
                "destination_nat": null,
                "nat_pool": null,
                "no_readvertise_to_lan_bgp": false,
                "no_readvertise_to_lan_ospf": false,
                "no_readvertise_to_overlay": null,
                "other_vrfs": [],
                "routed": true,
                "source_nat": null,
                "static_nat": null,
                "summarized_subnet": null,
                "summarized_subnet_to_lan_bgp": null,
                "summarized_subnet_to_lan_ospf": null
              }
            }
          },
          "sensitive_attributes": [],
          "dependencies": [
            "mist_org.terraform_test"
          ]
        }
      ]
    },
    {
      "mode": "managed",
      "type": "mist_org_network",
      "name": "network_SE_WORKSTATIONS_VL101238",
      "provider": "provider[\"registry.terraform.io/juniper/mist\"]",
      "instances": [
        {
          "schema_version": 0,
          "attributes": {
            "disallow_mist_services": true,
            "gateway": null,
            "gateway6": null,
            "id": "2845fd97-e071-486c-9baa-364403483332",
            "internal_access": null,
            "internet_access": null,
            "isolation": true,
            "name": "SE_WORKSTATIONS_VL101",
            "org_id": "15017582-6f6e-41d0-8241-a8b2062587ab",
            "routed_for_networks": null,
            "subnet": "{{se_workstations}}/{{se_workstations_cidr}}",
            "subnet6": null,
            "tenants": null,
            "vlan_id": "101",
            "vpn_access": {
              "OrgOverlay": {
                "advertised_subnet": null,
                "allow_ping": null,
                "destination_nat": null,
                "nat_pool": null,
                "no_readvertise_to_lan_bgp": false,
                "no_readvertise_to_lan_ospf": false,
                "no_readvertise_to_overlay": false,
                "other_vrfs": [],
                "routed": true,
                "source_nat": null,
                "static_nat": null,
                "summarized_subnet": null,
                "summarized_subnet_to_lan_bgp": null,
                "summarized_subnet_to_lan_ospf": null
              }
            }
          },
          "sensitive_attributes": [],
          "dependencies": [
            "mist_org.terraform_test"
          ]
        }
      ]
    },
    {
      "mode": "managed",
      "type": "mist_org_network",
      "name": "network_SRX345_lan244",
      "provider": "provider[\"registry.terraform.io/juniper/mist\"]",
      "instances": [
        {
          "schema_version": 0,
          "attributes": {
            "disallow_mist_services": false,
            "gateway": null,
            "gateway6": null,
            "id": "1614f09d-558e-4cbd-a080-05e6175f25c7",
            "internal_access": null,
            "internet_access": null,
            "isolation": true,
            "name": "SRX345_lan",
            "org_id": "15017582-6f6e-41d0-8241-a8b2062587ab",
            "routed_for_networks": null,
            "subnet": "100.100.150.0/24",
            "subnet6": null,
            "tenants": null,
            "vlan_id": "500",
            "vpn_access": {
              "OrgOverlay": {
                "advertised_subnet": null,
                "allow_ping": null,
                "destination_nat": null,
                "nat_pool": null,
                "no_readvertise_to_lan_bgp": false,
                "no_readvertise_to_lan_ospf": false,
                "no_readvertise_to_overlay": false,
                "other_vrfs": [],
                "routed": true,
                "source_nat": null,
                "static_nat": null,
                "summarized_subnet": null,
                "summarized_subnet_to_lan_bgp": null,
                "summarized_subnet_to_lan_ospf": null
              }
            }
          },
          "sensitive_attributes": [],
          "dependencies": [
            "mist_org.terraform_test"
          ]
        }
      ]
    },
    {
      "mode": "managed",
      "type": "mist_org_network",
      "name": "network_TRIPWIRE_10163",
      "provider": "provider[\"registry.terraform.io/juniper/mist\"]",
      "instances": [
        {
          "schema_version": 0,
          "attributes": {
            "disallow_mist_services": true,
            "gateway": null,
            "gateway6": null,
            "id": "4b339eb6-c6c1-47d5-ad0f-37db8c5d3409",
            "internal_access": null,
            "internet_access": null,
            "isolation": true,
            "name": "TRIPWIRE-10",
            "org_id": "15017582-6f6e-41d0-8241-a8b2062587ab",
            "routed_for_networks": null,
            "subnet": "10.0.0.0/8",
            "subnet6": null,
            "tenants": {
              "CTC_TRIPWIRE1": {
                "addresses": [
                  "10.2.38.12/32",
                  "10.2.38.13/32",
                  "10.51.53.37/32",
                  "10.17.58.54/32",
                  "10.17.58.55/32",
                  "10.2.36.106/32",
                  "10.2.36.108/32",
                  "10.17.36.106/32",
                  "10.17.36.108/32",
                  "10.18.80.150/32",
                  "10.18.86.150/32",
                  "10.127.80.150/32",
                  "10.127.86.150/32"
                ]
              }
            },
            "vlan_id": "3797",
            "vpn_access": {
              "OrgOverlay": {
                "advertised_subnet": null,
                "allow_ping": null,
                "destination_nat": null,
                "nat_pool": null,
                "no_readvertise_to_lan_bgp": false,
                "no_readvertise_to_lan_ospf": false,
                "no_readvertise_to_overlay": null,
                "other_vrfs": [],
                "routed": true,
                "source_nat": null,
                "static_nat": null,
                "summarized_subnet": null,
                "summarized_subnet_to_lan_bgp": null,
                "summarized_subnet_to_lan_ospf": null
              }
            }
          },
          "sensitive_attributes": [],
          "dependencies": [
            "mist_org.terraform_test"
          ]
        }
      ]
    },
    {
      "mode": "managed",
      "type": "mist_org_network",
      "name": "network_TRIPWIRE_17282",
      "provider": "provider[\"registry.terraform.io/juniper/mist\"]",
      "instances": [
        {
          "schema_version": 0,
          "attributes": {
            "disallow_mist_services": true,
            "gateway": null,
            "gateway6": null,
            "id": "5c486d8b-6719-46fe-a91a-a3af5831323a",
            "internal_access": null,
            "internet_access": null,
            "isolation": true,
            "name": "TRIPWIRE-172",
            "org_id": "15017582-6f6e-41d0-8241-a8b2062587ab",
            "routed_for_networks": null,
            "subnet": "172.16.0.0/20",
            "subnet6": null,
            "tenants": {
              "CTC_TRIPWIRE2": {
                "addresses": [
                  "172.22.33.124/32",
                  "172.22.33.125/32",
                  "172.22.34.108/32"
                ]
              }
            },
            "vlan_id": "3797",
            "vpn_access": {
              "OrgOverlay": {
                "advertised_subnet": null,
                "allow_ping": null,
                "destination_nat": null,
                "nat_pool": null,
                "no_readvertise_to_lan_bgp": false,
                "no_readvertise_to_lan_ospf": false,
                "no_readvertise_to_overlay": null,
                "other_vrfs": [],
                "routed": true,
                "source_nat": null,
                "static_nat": null,
                "summarized_subnet": null,
                "summarized_subnet_to_lan_bgp": null,
                "summarized_subnet_to_lan_ospf": null
              }
            }
          },
          "sensitive_attributes": [],
          "dependencies": [
            "mist_org.terraform_test"
          ]
        }
      ]
    },
    {
      "mode": "managed",
      "type": "mist_org_network",
      "name": "network_Test_vlan250",
      "provider": "provider[\"registry.terraform.io/juniper/mist\"]",
      "instances": [
        {
          "schema_version": 0,
          "attributes": {
            "disallow_mist_services": true,
            "gateway": null,
            "gateway6": null,
            "id": "6f42cb90-f807-4b9b-8c67-e36ec712d28f",
            "internal_access": null,
            "internet_access": null,
            "isolation": true,
            "name": "Test_vlan2",
            "org_id": "15017582-6f6e-41d0-8241-a8b2062587ab",
            "routed_for_networks": null,
            "subnet": "2.2.2.0/30",
            "subnet6": null,
            "tenants": null,
            "vlan_id": "2",
            "vpn_access": {
              "OrgOverlay": {
                "advertised_subnet": null,
                "allow_ping": null,
                "destination_nat": null,
                "nat_pool": null,
                "no_readvertise_to_lan_bgp": false,
                "no_readvertise_to_lan_ospf": false,
                "no_readvertise_to_overlay": null,
                "other_vrfs": [],
                "routed": true,
                "source_nat": null,
                "static_nat": null,
                "summarized_subnet": null,
                "summarized_subnet_to_lan_bgp": null,
                "summarized_subnet_to_lan_ospf": null
              }
            }
          },
          "sensitive_attributes": [],
          "dependencies": [
            "mist_org.terraform_test"
          ]
        }
      ]
    },
    {
      "mode": "managed",
      "type": "mist_org_network",
      "name": "network_Test_vlan32",
      "provider": "provider[\"registry.terraform.io/juniper/mist\"]",
      "instances": [
        {
          "schema_version": 0,
          "attributes": {
            "disallow_mist_services": true,
            "gateway": null,
            "gateway6": null,
            "id": "d1a6bbf8-c3a7-4f2f-bde3-3d51ead7ac3e",
            "internal_access": null,
            "internet_access": null,
            "isolation": true,
            "name": "Test_vlan3",
            "org_id": "15017582-6f6e-41d0-8241-a8b2062587ab",
            "routed_for_networks": null,
            "subnet": "3.3.3.0/30",
            "subnet6": null,
            "tenants": null,
            "vlan_id": "3",
            "vpn_access": null
          },
          "sensitive_attributes": [],
          "dependencies": [
            "mist_org.terraform_test"
          ]
        }
      ]
    },
    {
      "mode": "managed",
      "type": "mist_org_network",
      "name": "network_VLAN30040",
      "provider": "provider[\"registry.terraform.io/juniper/mist\"]",
      "instances": [
        {
          "schema_version": 0,
          "attributes": {
            "disallow_mist_services": true,
            "gateway": null,
            "gateway6": null,
            "id": "fe0cf652-35e7-472c-ac0f-9bb823fc8725",
            "internal_access": null,
            "internet_access": null,
            "isolation": true,
            "name": "VLAN300",
            "org_id": "15017582-6f6e-41d0-8241-a8b2062587ab",
            "routed_for_networks": null,
            "subnet": "{{Class_B}}{{Class_C_Vlan_300}}0/{{CIDR}}",
            "subnet6": null,
            "tenants": null,
            "vlan_id": "300",
            "vpn_access": {
              "aj-hub1": {
                "advertised_subnet": null,
                "allow_ping": null,
                "destination_nat": null,
                "nat_pool": null,
                "no_readvertise_to_lan_bgp": false,
                "no_readvertise_to_lan_ospf": false,
                "no_readvertise_to_overlay": null,
                "other_vrfs": [],
                "routed": true,
                "source_nat": null,
                "static_nat": null,
                "summarized_subnet": null,
                "summarized_subnet_to_lan_bgp": null,
                "summarized_subnet_to_lan_ospf": null
              }
            }
          },
          "sensitive_attributes": [],
          "dependencies": [
            "mist_org.terraform_test"
          ]
        }
      ]
    },
    {
      "mode": "managed",
      "type": "mist_org_network",
      "name": "network_VLAN40048",
      "provider": "provider[\"registry.terraform.io/juniper/mist\"]",
      "instances": [
        {
          "schema_version": 0,
          "attributes": {
            "disallow_mist_services": false,
            "gateway": null,
            "gateway6": null,
            "id": "4cd01287-ef18-4051-9650-d6316661a6ae",
            "internal_access": null,
            "internet_access": null,
            "isolation": true,
            "name": "VLAN400",
            "org_id": "15017582-6f6e-41d0-8241-a8b2062587ab",
            "routed_for_networks": null,
            "subnet": "192.168.140.0/24",
            "subnet6": null,
            "tenants": null,
            "vlan_id": "400",
            "vpn_access": null
          },
          "sensitive_attributes": [],
          "dependencies": [
            "mist_org.terraform_test"
          ]
        }
      ]
    },
    {
      "mode": "managed",
      "type": "mist_org_network",
      "name": "network_aj_prod_ctb_rtl131",
      "provider": "provider[\"registry.terraform.io/juniper/mist\"]",
      "instances": [
        {
          "schema_version": 0,
          "attributes": {
            "disallow_mist_services": true,
            "gateway": null,
            "gateway6": null,
            "id": "0c3ed137-eb92-4398-ba77-beed4ee2ab80",
            "internal_access": null,
            "internet_access": null,
            "isolation": true,
            "name": "aj-prod-ctb-rtl",
            "org_id": "15017582-6f6e-41d0-8241-a8b2062587ab",
            "routed_for_networks": null,
            "subnet": "10.161.255.8/29",
            "subnet6": null,
            "tenants": null,
            "vlan_id": "125",
            "vpn_access": null
          },
          "sensitive_attributes": [],
          "dependencies": [
            "mist_org.terraform_test"
          ]
        }
      ]
    },
    {
      "mode": "managed",
      "type": "mist_org_network",
      "name": "network_aj_prod_est_rtl240",
      "provider": "provider[\"registry.terraform.io/juniper/mist\"]",
      "instances": [
        {
          "schema_version": 0,
          "attributes": {
            "disallow_mist_services": true,
            "gateway": null,
            "gateway6": null,
            "id": "68d729e1-959e-4c85-a1d7-2dbad8c0e471",
            "internal_access": null,
            "internet_access": null,
            "isolation": true,
            "name": "aj-prod-est-rtl",
            "org_id": "15017582-6f6e-41d0-8241-a8b2062587ab",
            "routed_for_networks": null,
            "subnet": "10.160.255.32/28",
            "subnet6": null,
            "tenants": {
              "CTC_DC_10_Subnet": {
                "addresses": [
                  "10.0.0.0/8"
                ]
              },
              "CTC_DC_172_Subnet": {
                "addresses": [
                  "172.16.0.0/12"
                ]
              },
              "CTC_DC_192_Subnet": {
                "addresses": [
                  "192.168.0.0/16"
                ]
              },
              "CTC_DC_42_Subnet": {
                "addresses": [
                  "42.0.0.0/8"
                ]
              }
            },
            "vlan_id": "122",
            "vpn_access": null
          },
          "sensitive_attributes": [],
          "dependencies": [
            "mist_org.terraform_test"
          ]
        }
      ]
    },
    {
      "mode": "managed",
      "type": "mist_org_network",
      "name": "network_aj_prod_vlan300_dc34",
      "provider": "provider[\"registry.terraform.io/juniper/mist\"]",
      "instances": [
        {
          "schema_version": 0,
          "attributes": {
            "disallow_mist_services": true,
            "gateway": null,
            "gateway6": null,
            "id": "f501ab8f-e16f-471f-b956-236fddc2691d",
            "internal_access": null,
            "internet_access": null,
            "isolation": true,
            "name": "aj-prod-vlan300-dc",
            "org_id": "15017582-6f6e-41d0-8241-a8b2062587ab",
            "routed_for_networks": null,
            "subnet": "10.125.2.224/29",
            "subnet6": null,
            "tenants": null,
            "vlan_id": "300",
            "vpn_access": {
              "OrgOverlay": {
                "advertised_subnet": null,
                "allow_ping": null,
                "destination_nat": null,
                "nat_pool": null,
                "no_readvertise_to_lan_bgp": false,
                "no_readvertise_to_lan_ospf": false,
                "no_readvertise_to_overlay": null,
                "other_vrfs": [],
                "routed": true,
                "source_nat": null,
                "static_nat": null,
                "summarized_subnet": null,
                "summarized_subnet_to_lan_bgp": null,
                "summarized_subnet_to_lan_ospf": null
              }
            }
          },
          "sensitive_attributes": [],
          "dependencies": [
            "mist_org.terraform_test"
          ]
        }
      ]
    },
    {
      "mode": "managed",
      "type": "mist_org_network",
      "name": "network_aj_prod_vlan400_mgmt41",
      "provider": "provider[\"registry.terraform.io/juniper/mist\"]",
      "instances": [
        {
          "schema_version": 0,
          "attributes": {
            "disallow_mist_services": false,
            "gateway": null,
            "gateway6": null,
            "id": "fb054474-14d5-47d8-8870-1c6d98994673",
            "internal_access": null,
            "internet_access": null,
            "isolation": true,
            "name": "aj-prod-vlan400-mgmt",
            "org_id": "15017582-6f6e-41d0-8241-a8b2062587ab",
            "routed_for_networks": null,
            "subnet": "10.161.112.0/27",
            "subnet6": null,
            "tenants": {
              "HUB_VL400_MGMT_Subnet": {
                "addresses": [
                  "10.161.112.0/27"
                ]
              }
            },
            "vlan_id": "400",
            "vpn_access": null
          },
          "sensitive_attributes": [],
          "dependencies": [
            "mist_org.terraform_test"
          ]
        }
      ]
    },
    {
      "mode": "managed",
      "type": "mist_org_network",
      "name": "network_iptest213",
      "provider": "provider[\"registry.terraform.io/juniper/mist\"]",
      "instances": [
        {
          "schema_version": 0,
          "attributes": {
            "disallow_mist_services": false,
            "gateway": null,
            "gateway6": null,
            "id": "2aed26a1-f8f5-47e1-b4d8-3f7b72f4093a",
            "internal_access": null,
            "internet_access": null,
            "isolation": true,
            "name": "iptest",
            "org_id": "15017582-6f6e-41d0-8241-a8b2062587ab",
            "routed_for_networks": null,
            "subnet": "10.162.115.88/32",
            "subnet6": null,
            "tenants": null,
            "vlan_id": "101",
            "vpn_access": null
          },
          "sensitive_attributes": [],
          "dependencies": [
            "mist_org.terraform_test"
          ]
        }
      ]
    },
    {
      "mode": "managed",
      "type": "mist_org_network",
      "name": "network_standalone_320_edge_vl18",
      "provider": "provider[\"registry.terraform.io/juniper/mist\"]",
      "instances": [
        {
          "schema_version": 0,
          "attributes": {
            "disallow_mist_services": false,
            "gateway": "{{Class_B}}{{Class_C_Vlan_1}}{{Gateway}}",
            "gateway6": null,
            "id": "8525d3f5-565b-446f-af18-48a486f94012",
            "internal_access": null,
            "internet_access": null,
            "isolation": true,
            "name": "standalone_320_edge_vlan_1",
            "org_id": "15017582-6f6e-41d0-8241-a8b2062587ab",
            "routed_for_networks": null,
            "subnet": "{{Class_B}}{{Class_C_Vlan_1}}{{CIDR}}/24",
            "subnet6": null,
            "tenants": null,
            "vlan_id": "1",
            "vpn_access": null
          },
          "sensitive_attributes": [],
          "dependencies": [
            "mist_org.terraform_test"
          ]
        }
      ]
    },
    {
      "mode": "managed",
      "type": "mist_org_network",
      "name": "network_test204",
      "provider": "provider[\"registry.terraform.io/juniper/mist\"]",
      "instances": [
        {
          "schema_version": 0,
          "attributes": {
            "disallow_mist_services": false,
            "gateway": null,
            "gateway6": null,
            "id": "106c2f30-d24c-4bf9-9cfd-706b457595d8",
            "internal_access": null,
            "internet_access": null,
            "isolation": true,
            "name": "test",
            "org_id": "15017582-6f6e-41d0-8241-a8b2062587ab",
            "routed_for_networks": null,
            "subnet": "10.180.36.72/32",
            "subnet6": null,
            "tenants": null,
            "vlan_id": null,
            "vpn_access": null
          },
          "sensitive_attributes": [],
          "dependencies": [
            "mist_org.terraform_test"
          ]
        }
      ]
    },
    {
      "mode": "managed",
      "type": "mist_org_network",
      "name": "network_vlan_11",
      "provider": "provider[\"registry.terraform.io/juniper/mist\"]",
      "instances": [
        {
          "schema_version": 0,
          "attributes": {
            "disallow_mist_services": false,
            "gateway": "{{Class_B}}{{Class_C_Vlan_1}}{{Gateway}}",
            "gateway6": null,
            "id": "52d87eeb-e48b-4776-a90f-eebc62912bfc",
            "internal_access": null,
            "internet_access": {
              "create_simple_service_policy": false,
              "destination_nat": null,
              "enabled": true,
              "restricted": false,
              "static_nat": null
            },
            "isolation": false,
            "name": "vlan_1",
            "org_id": "15017582-6f6e-41d0-8241-a8b2062587ab",
            "routed_for_networks": null,
            "subnet": "{{Class_B}}{{Class_C_Vlan_1}}{{CIDR}}",
            "subnet6": null,
            "tenants": null,
            "vlan_id": "1",
            "vpn_access": null
          },
          "sensitive_attributes": [],
          "dependencies": [
            "mist_org.terraform_test"
          ]
        }
      ]
    },
    {
      "mode": "managed",
      "type": "mist_org_network",
      "name": "network_vlan_210059",
      "provider": "provider[\"registry.terraform.io/juniper/mist\"]",
      "instances": [
        {
          "schema_version": 0,
          "attributes": {
            "disallow_mist_services": false,
            "gateway": "{{vlan_2100_ip}}",
            "gateway6": null,
            "id": "d45c416d-39dd-458a-bf82-737600b55ba7",
            "internal_access": null,
            "internet_access": {
              "create_simple_service_policy": false,
              "destination_nat": {
                "{{Edge_Public_IP}}:4500": {
                  "internal_ip": "{{Edge_Tunnel_IP}}",
                  "name": "Mist_Edge_IPSEC",
                  "port": 4500
                },
                "{{Edge_Public_IP}}:500": {
                  "internal_ip": "{{Edge_Tunnel_IP}}",
                  "name": "Mist_Edge_IKE",
                  "port": 500
                }
              },
              "enabled": null,
              "restricted": false,
              "static_nat": null
            },
            "isolation": true,
            "name": "vlan_2100",
            "org_id": "15017582-6f6e-41d0-8241-a8b2062587ab",
            "routed_for_networks": null,
            "subnet": "{{vlan_2100_subnet}}/29",
            "subnet6": null,
            "tenants": null,
            "vlan_id": "2100",
            "vpn_access": null
          },
          "sensitive_attributes": [],
          "dependencies": [
            "mist_org.terraform_test"
          ]
        }
      ]
    },
    {
      "mode": "managed",
      "type": "mist_org_network",
      "name": "network_wdc_prod_ctb_rtl88",
      "provider": "provider[\"registry.terraform.io/juniper/mist\"]",
      "instances": [
        {
          "schema_version": 0,
          "attributes": {
            "disallow_mist_services": true,
            "gateway": null,
            "gateway6": null,
            "id": "de81aa89-01a6-4e3e-8587-a3de79a8d8c4",
            "internal_access": null,
            "internet_access": null,
            "isolation": true,
            "name": "wdc-prod-ctb-rtl",
            "org_id": "15017582-6f6e-41d0-8241-a8b2062587ab",
            "routed_for_networks": null,
            "subnet": "10.161.254.8/29",
            "subnet6": null,
            "tenants": null,
            "vlan_id": "124",
            "vpn_access": null
          },
          "sensitive_attributes": [],
          "dependencies": [
            "mist_org.terraform_test"
          ]
        }
      ]
    },
    {
      "mode": "managed",
      "type": "mist_org_network",
      "name": "network_wdc_prod_dc220",
      "provider": "provider[\"registry.terraform.io/juniper/mist\"]",
      "instances": [
        {
          "schema_version": 0,
          "attributes": {
            "disallow_mist_services": true,
            "gateway": null,
            "gateway6": null,
            "id": "d985c9fd-26d3-4cd7-b1e4-b6ed7fc100e9",
            "internal_access": null,
            "internet_access": null,
            "isolation": true,
            "name": "wdc-prod-dc",
            "org_id": "15017582-6f6e-41d0-8241-a8b2062587ab",
            "routed_for_networks": null,
            "subnet": "10.16.2.224/29",
            "subnet6": null,
            "tenants": {
              "Azure-Supernet": {
                "addresses": [
                  "100.64.0.0/10"
                ]
              },
              "CTC_DC_10_Subnet": {
                "addresses": [
                  "10.0.0.0/8"
                ]
              },
              "CTC_DC_172_Subnet": {
                "addresses": [
                  "172.16.0.0/12"
                ]
              },
              "CTC_DC_192_Subnet": {
                "addresses": [
                  "192.168.0.0/16"
                ]
              },
              "CTC_DC_42_Subnet": {
                "addresses": [
                  "42.0.0.0/8"
                ]
              }
            },
            "vlan_id": "3796",
            "vpn_access": {
              "OrgOverlay": {
                "advertised_subnet": null,
                "allow_ping": null,
                "destination_nat": null,
                "nat_pool": null,
                "no_readvertise_to_lan_bgp": false,
                "no_readvertise_to_lan_ospf": false,
                "no_readvertise_to_overlay": false,
                "other_vrfs": [],
                "routed": true,
                "source_nat": null,
                "static_nat": null,
                "summarized_subnet": null,
                "summarized_subnet_to_lan_bgp": null,
                "summarized_subnet_to_lan_ospf": null
              }
            }
          },
          "sensitive_attributes": [],
          "dependencies": [
            "mist_org.terraform_test"
          ]
        }
      ]
    },
    {
      "mode": "managed",
      "type": "mist_org_network",
      "name": "network_wdc_prod_est_rtl177",
      "provider": "provider[\"registry.terraform.io/juniper/mist\"]",
      "instances": [
        {
          "schema_version": 0,
          "attributes": {
            "disallow_mist_services": true,
            "gateway": null,
            "gateway6": null,
            "id": "ac588a55-8971-43e1-b819-659a8fe5db4b",
            "internal_access": null,
            "internet_access": null,
            "isolation": true,
            "name": "wdc-prod-est-rtl",
            "org_id": "15017582-6f6e-41d0-8241-a8b2062587ab",
            "routed_for_networks": null,
            "subnet": "10.160.254.32/28",
            "subnet6": null,
            "tenants": {
              "CTC_DC_10_Subnet": {
                "addresses": [
                  "10.0.0.0/8"
                ]
              },
              "CTC_DC_172_Subnet": {
                "addresses": [
                  "172.16.0.0/12"
                ]
              },
              "CTC_DC_192_Subnet": {
                "addresses": [
                  "192.168.0.0/16"
                ]
              },
              "CTC_DC_42_Subnet": {
                "addresses": [
                  "42.0.0.0/8"
                ]
              }
            },
            "vlan_id": "122",
            "vpn_access": null
          },
          "sensitive_attributes": [],
          "dependencies": [
            "mist_org.terraform_test"
          ]
        }
      ]
    },
    {
      "mode": "managed",
      "type": "mist_org_network",
      "name": "network_wdc_prod_vlan300_dc64",
      "provider": "provider[\"registry.terraform.io/juniper/mist\"]",
      "instances": [
        {
          "schema_version": 0,
          "attributes": {
            "disallow_mist_services": true,
            "gateway": null,
            "gateway6": null,
            "id": "30f2c654-66b6-4576-a3d5-c646f63a0f16",
            "internal_access": null,
            "internet_access": null,
            "isolation": true,
            "name": "wdc-prod-vlan300-dc",
            "org_id": "15017582-6f6e-41d0-8241-a8b2062587ab",
            "routed_for_networks": null,
            "subnet": "10.16.2.224/29",
            "subnet6": null,
            "tenants": null,
            "vlan_id": "300",
            "vpn_access": {
              "OrgOverlay": {
                "advertised_subnet": null,
                "allow_ping": null,
                "destination_nat": null,
                "nat_pool": null,
                "no_readvertise_to_lan_bgp": false,
                "no_readvertise_to_lan_ospf": false,
                "no_readvertise_to_overlay": null,
                "other_vrfs": [],
                "routed": true,
                "source_nat": null,
                "static_nat": null,
                "summarized_subnet": null,
                "summarized_subnet_to_lan_bgp": null,
                "summarized_subnet_to_lan_ospf": null
              }
            }
          },
          "sensitive_attributes": [],
          "dependencies": [
            "mist_org.terraform_test"
          ]
        }
      ]
    },
    {
      "mode": "managed",
      "type": "mist_org_network",
      "name": "network_wdc_prod_wst_rtl151",
      "provider": "provider[\"registry.terraform.io/juniper/mist\"]",
      "instances": [
        {
          "schema_version": 0,
          "attributes": {
            "disallow_mist_services": true,
            "gateway": null,
            "gateway6": null,
            "id": "1d0d8679-3e54-42a7-bd1b-40367d8eee23",
            "internal_access": null,
            "internet_access": null,
            "isolation": true,
            "name": "wdc-prod-wst-rtl",
            "org_id": "15017582-6f6e-41d0-8241-a8b2062587ab",
            "routed_for_networks": null,
            "subnet": "10.160.254.0/28",
            "subnet6": null,
            "tenants": {
              "CTC_DC_10_Subnet": {
                "addresses": [
                  "10.0.0.0/8"
                ]
              },
              "CTC_DC_172_Subnet": {
                "addresses": [
                  "172.16.0.0/12"
                ]
              },
              "CTC_DC_192_Subnet": {
                "addresses": [
                  "192.168.0.0/16"
                ]
              },
              "CTC_DC_42_Subnet": {
                "addresses": [
                  "42.0.0.0/8"
                ]
              }
            },
            "vlan_id": "120",
            "vpn_access": null
          },
          "sensitive_attributes": [],
          "dependencies": [
            "mist_org.terraform_test"
          ]
        }
      ]
    }
  ],
  "check_results": null
}
